{
  "version": 4,
  "terraform_version": "1.3.6",
  "serial": 2,
  "lineage": "",
  "outputs": {},
  "resources": [
    {
      "mode": "managed",
      "type": "aws_lb",
      "name": "awseb_AWSEB_15FYW3NG9H6DT",
      "provider": "provider[\"registry.terraform.io/hashicorp/aws\"]",
      "instances": [
        {
          "schema_version": 0,
          "attributes": {
            "access_logs": [
              {
                "bucket": "allogy-elb-logs-prod",
                "enabled": true,
                "prefix": "collaboration-person-blue"
              }
            ],
            "arn": "arn:aws-us-gov:elasticloadbalancing:us-gov-west-1:050779347855:loadbalancer/app/awseb-AWSEB-15FYW3NG9H6DT/cbfd3b5d8a0420ba",
            "arn_suffix": "app/awseb-AWSEB-15FYW3NG9H6DT/cbfd3b5d8a0420ba",
            "customer_owned_ipv4_pool": "",
            "desync_mitigation_mode": "defensive",
            "dns_name": "awseb-AWSEB-15FYW3NG9H6DT-2026095228.us-gov-west-1.elb.amazonaws.com",
            "drop_invalid_header_fields": false,
            "enable_cross_zone_load_balancing": true,
            "enable_deletion_protection": false,
            "enable_http2": true,
            "enable_tls_version_and_cipher_suite_headers": false,
            "enable_waf_fail_open": false,
            "enable_xff_client_port": false,
            "id": "arn:aws-us-gov:elasticloadbalancing:us-gov-west-1:050779347855:loadbalancer/app/awseb-AWSEB-15FYW3NG9H6DT/cbfd3b5d8a0420ba",
            "idle_timeout": 60,
            "internal": false,
            "ip_address_type": "ipv4",
            "load_balancer_type": "application",
            "name": "awseb-AWSEB-15FYW3NG9H6DT",
            "name_prefix": null,
            "preserve_host_header": false,
            "security_groups": [
              "sg-0b827258e3f0559d8"
            ],
            "subnet_mapping": [
              {
                "allocation_id": "",
                "ipv6_address": "",
                "outpost_id": "",
                "private_ipv4_address": "",
                "subnet_id": "subnet-0680aa96bc65f072d"
              },
              {
                "allocation_id": "",
                "ipv6_address": "",
                "outpost_id": "",
                "private_ipv4_address": "",
                "subnet_id": "subnet-07402e5b661b23bec"
              },
              {
                "allocation_id": "",
                "ipv6_address": "",
                "outpost_id": "",
                "private_ipv4_address": "",
                "subnet_id": "subnet-076f8b852c6b60060"
              }
            ],
            "subnets": [
              "subnet-0680aa96bc65f072d",
              "subnet-07402e5b661b23bec",
              "subnet-076f8b852c6b60060"
            ],
            "tags": {
              "Name": "collaboration-person-blue",
              "elasticbeanstalk:environment-id": "e-3evreti3za",
              "elasticbeanstalk:environment-name": "collaboration-person-blue"
            },
            "tags_all": {
              "Name": "collaboration-person-blue",
              "elasticbeanstalk:environment-id": "e-3evreti3za",
              "elasticbeanstalk:environment-name": "collaboration-person-blue"
            },
            "timeouts": null,
            "vpc_id": "vpc-0bd9acb7990b4154d",
            "xff_header_processing_mode": "append",
            "zone_id": "Z33AYJ8TM3BH4J"
          },
          "sensitive_attributes": []
        }
      ]
    },
    {
      "mode": "managed",
      "type": "aws_lb",
      "name": "awseb_AWSEB_15X3QV41KCHP8",
      "provider": "provider[\"registry.terraform.io/hashicorp/aws\"]",
      "instances": [
        {
          "schema_version": 0,
          "attributes": {
            "access_logs": [
              {
                "bucket": "allogy-elb-logs-prod",
                "enabled": true,
                "prefix": "capillary-web-ui-gateway-blue"
              }
            ],
            "arn": "arn:aws-us-gov:elasticloadbalancing:us-gov-west-1:050779347855:loadbalancer/app/awseb-AWSEB-15X3QV41KCHP8/1084d67b6e605d54",
            "arn_suffix": "app/awseb-AWSEB-15X3QV41KCHP8/1084d67b6e605d54",
            "customer_owned_ipv4_pool": "",
            "desync_mitigation_mode": "defensive",
            "dns_name": "awseb-AWSEB-15X3QV41KCHP8-2027819560.us-gov-west-1.elb.amazonaws.com",
            "drop_invalid_header_fields": false,
            "enable_cross_zone_load_balancing": true,
            "enable_deletion_protection": false,
            "enable_http2": true,
            "enable_tls_version_and_cipher_suite_headers": false,
            "enable_waf_fail_open": false,
            "enable_xff_client_port": false,
            "id": "arn:aws-us-gov:elasticloadbalancing:us-gov-west-1:050779347855:loadbalancer/app/awseb-AWSEB-15X3QV41KCHP8/1084d67b6e605d54",
            "idle_timeout": 60,
            "internal": false,
            "ip_address_type": "ipv4",
            "load_balancer_type": "application",
            "name": "awseb-AWSEB-15X3QV41KCHP8",
            "name_prefix": null,
            "preserve_host_header": false,
            "security_groups": [
              "sg-0ab678abfaabcacf3"
            ],
            "subnet_mapping": [
              {
                "allocation_id": "",
                "ipv6_address": "",
                "outpost_id": "",
                "private_ipv4_address": "",
                "subnet_id": "subnet-0680aa96bc65f072d"
              },
              {
                "allocation_id": "",
                "ipv6_address": "",
                "outpost_id": "",
                "private_ipv4_address": "",
                "subnet_id": "subnet-07402e5b661b23bec"
              },
              {
                "allocation_id": "",
                "ipv6_address": "",
                "outpost_id": "",
                "private_ipv4_address": "",
                "subnet_id": "subnet-076f8b852c6b60060"
              }
            ],
            "subnets": [
              "subnet-0680aa96bc65f072d",
              "subnet-07402e5b661b23bec",
              "subnet-076f8b852c6b60060"
            ],
            "tags": {
              "Name": "capillary-web-ui-gateway-blue",
              "elasticbeanstalk:environment-id": "e-bner7vhrif",
              "elasticbeanstalk:environment-name": "capillary-web-ui-gateway-blue"
            },
            "tags_all": {
              "Name": "capillary-web-ui-gateway-blue",
              "elasticbeanstalk:environment-id": "e-bner7vhrif",
              "elasticbeanstalk:environment-name": "capillary-web-ui-gateway-blue"
            },
            "timeouts": null,
            "vpc_id": "vpc-0bd9acb7990b4154d",
            "xff_header_processing_mode": "append",
            "zone_id": "Z33AYJ8TM3BH4J"
          },
          "sensitive_attributes": []
        }
      ]
    },
    {
      "mode": "managed",
      "type": "aws_lb",
      "name": "awseb_AWSEB_19VCM7V6OTYWF",
      "provider": "provider[\"registry.terraform.io/hashicorp/aws\"]",
      "instances": [
        {
          "schema_version": 0,
          "attributes": {
            "access_logs": [
              {
                "bucket": "allogy-elb-logs-prod",
                "enabled": true,
                "prefix": "market-service-green"
              }
            ],
            "arn": "arn:aws-us-gov:elasticloadbalancing:us-gov-west-1:050779347855:loadbalancer/app/awseb-AWSEB-19VCM7V6OTYWF/116e9152168e13d3",
            "arn_suffix": "app/awseb-AWSEB-19VCM7V6OTYWF/116e9152168e13d3",
            "customer_owned_ipv4_pool": "",
            "desync_mitigation_mode": "defensive",
            "dns_name": "awseb-AWSEB-19VCM7V6OTYWF-85192812.us-gov-west-1.elb.amazonaws.com",
            "drop_invalid_header_fields": false,
            "enable_cross_zone_load_balancing": true,
            "enable_deletion_protection": false,
            "enable_http2": true,
            "enable_tls_version_and_cipher_suite_headers": false,
            "enable_waf_fail_open": false,
            "enable_xff_client_port": false,
            "id": "arn:aws-us-gov:elasticloadbalancing:us-gov-west-1:050779347855:loadbalancer/app/awseb-AWSEB-19VCM7V6OTYWF/116e9152168e13d3",
            "idle_timeout": 60,
            "internal": false,
            "ip_address_type": "ipv4",
            "load_balancer_type": "application",
            "name": "awseb-AWSEB-19VCM7V6OTYWF",
            "name_prefix": null,
            "preserve_host_header": false,
            "security_groups": [
              "sg-01c091d8d9e740817"
            ],
            "subnet_mapping": [
              {
                "allocation_id": "",
                "ipv6_address": "",
                "outpost_id": "",
                "private_ipv4_address": "",
                "subnet_id": "subnet-0680aa96bc65f072d"
              },
              {
                "allocation_id": "",
                "ipv6_address": "",
                "outpost_id": "",
                "private_ipv4_address": "",
                "subnet_id": "subnet-07402e5b661b23bec"
              },
              {
                "allocation_id": "",
                "ipv6_address": "",
                "outpost_id": "",
                "private_ipv4_address": "",
                "subnet_id": "subnet-076f8b852c6b60060"
              }
            ],
            "subnets": [
              "subnet-0680aa96bc65f072d",
              "subnet-07402e5b661b23bec",
              "subnet-076f8b852c6b60060"
            ],
            "tags": {
              "Name": "market-service-green",
              "elasticbeanstalk:environment-id": "e-jhagz8maay",
              "elasticbeanstalk:environment-name": "market-service-green"
            },
            "tags_all": {
              "Name": "market-service-green",
              "elasticbeanstalk:environment-id": "e-jhagz8maay",
              "elasticbeanstalk:environment-name": "market-service-green"
            },
            "timeouts": null,
            "vpc_id": "vpc-0bd9acb7990b4154d",
            "xff_header_processing_mode": "append",
            "zone_id": "Z33AYJ8TM3BH4J"
          },
          "sensitive_attributes": []
        }
      ]
    },
    {
      "mode": "managed",
      "type": "aws_lb",
      "name": "awseb_AWSEB_1GLHUBRW9EX1B",
      "provider": "provider[\"registry.terraform.io/hashicorp/aws\"]",
      "instances": [
        {
          "schema_version": 0,
          "attributes": {
            "access_logs": [
              {
                "bucket": "allogy-elb-logs-prod",
                "enabled": true,
                "prefix": "mobile-client-gateway-blue"
              }
            ],
            "arn": "arn:aws-us-gov:elasticloadbalancing:us-gov-west-1:050779347855:loadbalancer/app/awseb-AWSEB-1GLHUBRW9EX1B/c961c5120a050a5a",
            "arn_suffix": "app/awseb-AWSEB-1GLHUBRW9EX1B/c961c5120a050a5a",
            "customer_owned_ipv4_pool": "",
            "desync_mitigation_mode": "defensive",
            "dns_name": "awseb-AWSEB-1GLHUBRW9EX1B-600714646.us-gov-west-1.elb.amazonaws.com",
            "drop_invalid_header_fields": false,
            "enable_cross_zone_load_balancing": true,
            "enable_deletion_protection": false,
            "enable_http2": true,
            "enable_tls_version_and_cipher_suite_headers": false,
            "enable_waf_fail_open": false,
            "enable_xff_client_port": false,
            "id": "arn:aws-us-gov:elasticloadbalancing:us-gov-west-1:050779347855:loadbalancer/app/awseb-AWSEB-1GLHUBRW9EX1B/c961c5120a050a5a",
            "idle_timeout": 60,
            "internal": false,
            "ip_address_type": "ipv4",
            "load_balancer_type": "application",
            "name": "awseb-AWSEB-1GLHUBRW9EX1B",
            "name_prefix": null,
            "preserve_host_header": false,
            "security_groups": [
              "sg-0ce67711c9eb8e894"
            ],
            "subnet_mapping": [
              {
                "allocation_id": "",
                "ipv6_address": "",
                "outpost_id": "",
                "private_ipv4_address": "",
                "subnet_id": "subnet-0680aa96bc65f072d"
              },
              {
                "allocation_id": "",
                "ipv6_address": "",
                "outpost_id": "",
                "private_ipv4_address": "",
                "subnet_id": "subnet-07402e5b661b23bec"
              },
              {
                "allocation_id": "",
                "ipv6_address": "",
                "outpost_id": "",
                "private_ipv4_address": "",
                "subnet_id": "subnet-076f8b852c6b60060"
              }
            ],
            "subnets": [
              "subnet-0680aa96bc65f072d",
              "subnet-07402e5b661b23bec",
              "subnet-076f8b852c6b60060"
            ],
            "tags": {
              "Name": "mobile-client-gateway-blue",
              "elasticbeanstalk:environment-id": "e-pcw37ypdme",
              "elasticbeanstalk:environment-name": "mobile-client-gateway-blue"
            },
            "tags_all": {
              "Name": "mobile-client-gateway-blue",
              "elasticbeanstalk:environment-id": "e-pcw37ypdme",
              "elasticbeanstalk:environment-name": "mobile-client-gateway-blue"
            },
            "timeouts": null,
            "vpc_id": "vpc-0bd9acb7990b4154d",
            "xff_header_processing_mode": "append",
            "zone_id": "Z33AYJ8TM3BH4J"
          },
          "sensitive_attributes": []
        }
      ]
    },
    {
      "mode": "managed",
      "type": "aws_lb",
      "name": "awseb_AWSEB_1MDXACYOB2IRQ",
      "provider": "provider[\"registry.terraform.io/hashicorp/aws\"]",
      "instances": [
        {
          "schema_version": 0,
          "attributes": {
            "access_logs": [
              {
                "bucket": "allogy-elb-logs-prod",
                "enabled": true,
                "prefix": "internal-services-gateway-green"
              }
            ],
            "arn": "arn:aws-us-gov:elasticloadbalancing:us-gov-west-1:050779347855:loadbalancer/app/awseb-AWSEB-1MDXACYOB2IRQ/56ec1770c583c5c0",
            "arn_suffix": "app/awseb-AWSEB-1MDXACYOB2IRQ/56ec1770c583c5c0",
            "customer_owned_ipv4_pool": "",
            "desync_mitigation_mode": "defensive",
            "dns_name": "internal-awseb-AWSEB-1MDXACYOB2IRQ-1583659924.us-gov-west-1.elb.amazonaws.com",
            "drop_invalid_header_fields": false,
            "enable_cross_zone_load_balancing": true,
            "enable_deletion_protection": false,
            "enable_http2": true,
            "enable_tls_version_and_cipher_suite_headers": false,
            "enable_waf_fail_open": false,
            "enable_xff_client_port": false,
            "id": "arn:aws-us-gov:elasticloadbalancing:us-gov-west-1:050779347855:loadbalancer/app/awseb-AWSEB-1MDXACYOB2IRQ/56ec1770c583c5c0",
            "idle_timeout": 60,
            "internal": true,
            "ip_address_type": "ipv4",
            "load_balancer_type": "application",
            "name": "awseb-AWSEB-1MDXACYOB2IRQ",
            "name_prefix": null,
            "preserve_host_header": false,
            "security_groups": [
              "sg-00e4e569f9e6920de"
            ],
            "subnet_mapping": [
              {
                "allocation_id": "",
                "ipv6_address": "",
                "outpost_id": "",
                "private_ipv4_address": "",
                "subnet_id": "subnet-0680aa96bc65f072d"
              },
              {
                "allocation_id": "",
                "ipv6_address": "",
                "outpost_id": "",
                "private_ipv4_address": "",
                "subnet_id": "subnet-07402e5b661b23bec"
              },
              {
                "allocation_id": "",
                "ipv6_address": "",
                "outpost_id": "",
                "private_ipv4_address": "",
                "subnet_id": "subnet-076f8b852c6b60060"
              }
            ],
            "subnets": [
              "subnet-0680aa96bc65f072d",
              "subnet-07402e5b661b23bec",
              "subnet-076f8b852c6b60060"
            ],
            "tags": {
              "Name": "internal-services-gateway-green",
              "elasticbeanstalk:environment-id": "e-yd9s5vvfgp",
              "elasticbeanstalk:environment-name": "internal-services-gateway-green"
            },
            "tags_all": {
              "Name": "internal-services-gateway-green",
              "elasticbeanstalk:environment-id": "e-yd9s5vvfgp",
              "elasticbeanstalk:environment-name": "internal-services-gateway-green"
            },
            "timeouts": null,
            "vpc_id": "vpc-0bd9acb7990b4154d",
            "xff_header_processing_mode": "append",
            "zone_id": "Z33AYJ8TM3BH4J"
          },
          "sensitive_attributes": []
        }
      ]
    },
    {
      "mode": "managed",
      "type": "aws_lb",
      "name": "awseb_AWSEB_1T7NB5B3Y3A7K",
      "provider": "provider[\"registry.terraform.io/hashicorp/aws\"]",
      "instances": [
        {
          "schema_version": 0,
          "attributes": {
            "access_logs": [
              {
                "bucket": "allogy-elb-logs-prod",
                "enabled": true,
                "prefix": "book-service-blue"
              }
            ],
            "arn": "arn:aws-us-gov:elasticloadbalancing:us-gov-west-1:050779347855:loadbalancer/app/awseb-AWSEB-1T7NB5B3Y3A7K/10a543629c206331",
            "arn_suffix": "app/awseb-AWSEB-1T7NB5B3Y3A7K/10a543629c206331",
            "customer_owned_ipv4_pool": "",
            "desync_mitigation_mode": "defensive",
            "dns_name": "awseb-AWSEB-1T7NB5B3Y3A7K-663321099.us-gov-west-1.elb.amazonaws.com",
            "drop_invalid_header_fields": false,
            "enable_cross_zone_load_balancing": true,
            "enable_deletion_protection": false,
            "enable_http2": true,
            "enable_tls_version_and_cipher_suite_headers": false,
            "enable_waf_fail_open": false,
            "enable_xff_client_port": false,
            "id": "arn:aws-us-gov:elasticloadbalancing:us-gov-west-1:050779347855:loadbalancer/app/awseb-AWSEB-1T7NB5B3Y3A7K/10a543629c206331",
            "idle_timeout": 60,
            "internal": false,
            "ip_address_type": "ipv4",
            "load_balancer_type": "application",
            "name": "awseb-AWSEB-1T7NB5B3Y3A7K",
            "name_prefix": null,
            "preserve_host_header": false,
            "security_groups": [
              "sg-0848e0e98be81d011"
            ],
            "subnet_mapping": [
              {
                "allocation_id": "",
                "ipv6_address": "",
                "outpost_id": "",
                "private_ipv4_address": "",
                "subnet_id": "subnet-0680aa96bc65f072d"
              },
              {
                "allocation_id": "",
                "ipv6_address": "",
                "outpost_id": "",
                "private_ipv4_address": "",
                "subnet_id": "subnet-07402e5b661b23bec"
              },
              {
                "allocation_id": "",
                "ipv6_address": "",
                "outpost_id": "",
                "private_ipv4_address": "",
                "subnet_id": "subnet-076f8b852c6b60060"
              }
            ],
            "subnets": [
              "subnet-0680aa96bc65f072d",
              "subnet-07402e5b661b23bec",
              "subnet-076f8b852c6b60060"
            ],
            "tags": {
              "Name": "book-service-blue",
              "elasticbeanstalk:environment-id": "e-fmzgrfkcqp",
              "elasticbeanstalk:environment-name": "book-service-blue"
            },
            "tags_all": {
              "Name": "book-service-blue",
              "elasticbeanstalk:environment-id": "e-fmzgrfkcqp",
              "elasticbeanstalk:environment-name": "book-service-blue"
            },
            "timeouts": null,
            "vpc_id": "vpc-0bd9acb7990b4154d",
            "xff_header_processing_mode": "append",
            "zone_id": "Z33AYJ8TM3BH4J"
          },
          "sensitive_attributes": []
        }
      ]
    },
    {
      "mode": "managed",
      "type": "aws_lb",
      "name": "awseb_AWSEB_1W0ZV84FILDNY",
      "provider": "provider[\"registry.terraform.io/hashicorp/aws\"]",
      "instances": [
        {
          "schema_version": 0,
          "attributes": {
            "access_logs": [
              {
                "bucket": "allogy-elb-logs-prod",
                "enabled": true,
                "prefix": "book-service-green"
              }
            ],
            "arn": "arn:aws-us-gov:elasticloadbalancing:us-gov-west-1:050779347855:loadbalancer/app/awseb-AWSEB-1W0ZV84FILDNY/0522b81018f9ce52",
            "arn_suffix": "app/awseb-AWSEB-1W0ZV84FILDNY/0522b81018f9ce52",
            "customer_owned_ipv4_pool": "",
            "desync_mitigation_mode": "defensive",
            "dns_name": "awseb-AWSEB-1W0ZV84FILDNY-1967867440.us-gov-west-1.elb.amazonaws.com",
            "drop_invalid_header_fields": false,
            "enable_cross_zone_load_balancing": true,
            "enable_deletion_protection": false,
            "enable_http2": true,
            "enable_tls_version_and_cipher_suite_headers": false,
            "enable_waf_fail_open": false,
            "enable_xff_client_port": false,
            "id": "arn:aws-us-gov:elasticloadbalancing:us-gov-west-1:050779347855:loadbalancer/app/awseb-AWSEB-1W0ZV84FILDNY/0522b81018f9ce52",
            "idle_timeout": 60,
            "internal": false,
            "ip_address_type": "ipv4",
            "load_balancer_type": "application",
            "name": "awseb-AWSEB-1W0ZV84FILDNY",
            "name_prefix": null,
            "preserve_host_header": false,
            "security_groups": [
              "sg-057a681c0afce6d70"
            ],
            "subnet_mapping": [
              {
                "allocation_id": "",
                "ipv6_address": "",
                "outpost_id": "",
                "private_ipv4_address": "",
                "subnet_id": "subnet-0680aa96bc65f072d"
              },
              {
                "allocation_id": "",
                "ipv6_address": "",
                "outpost_id": "",
                "private_ipv4_address": "",
                "subnet_id": "subnet-07402e5b661b23bec"
              },
              {
                "allocation_id": "",
                "ipv6_address": "",
                "outpost_id": "",
                "private_ipv4_address": "",
                "subnet_id": "subnet-076f8b852c6b60060"
              }
            ],
            "subnets": [
              "subnet-0680aa96bc65f072d",
              "subnet-07402e5b661b23bec",
              "subnet-076f8b852c6b60060"
            ],
            "tags": {
              "Name": "book-service-green",
              "elasticbeanstalk:environment-id": "e-xmec4epg3c",
              "elasticbeanstalk:environment-name": "book-service-green"
            },
            "tags_all": {
              "Name": "book-service-green",
              "elasticbeanstalk:environment-id": "e-xmec4epg3c",
              "elasticbeanstalk:environment-name": "book-service-green"
            },
            "timeouts": null,
            "vpc_id": "vpc-0bd9acb7990b4154d",
            "xff_header_processing_mode": "append",
            "zone_id": "Z33AYJ8TM3BH4J"
          },
          "sensitive_attributes": []
        }
      ]
    },
    {
      "mode": "managed",
      "type": "aws_lb",
      "name": "awseb_AWSEB_8H0U1SE19616",
      "provider": "provider[\"registry.terraform.io/hashicorp/aws\"]",
      "instances": [
        {
          "schema_version": 0,
          "attributes": {
            "access_logs": [
              {
                "bucket": "allogy-elb-logs-prod",
                "enabled": true,
                "prefix": "dbt-clinician-web-green"
              }
            ],
            "arn": "arn:aws-us-gov:elasticloadbalancing:us-gov-west-1:050779347855:loadbalancer/app/awseb-AWSEB-8H0U1SE19616/b167e44c5a2ca844",
            "arn_suffix": "app/awseb-AWSEB-8H0U1SE19616/b167e44c5a2ca844",
            "customer_owned_ipv4_pool": "",
            "desync_mitigation_mode": "defensive",
            "dns_name": "awseb-AWSEB-8H0U1SE19616-1890984897.us-gov-west-1.elb.amazonaws.com",
            "drop_invalid_header_fields": false,
            "enable_cross_zone_load_balancing": true,
            "enable_deletion_protection": false,
            "enable_http2": true,
            "enable_tls_version_and_cipher_suite_headers": false,
            "enable_waf_fail_open": false,
            "enable_xff_client_port": false,
            "id": "arn:aws-us-gov:elasticloadbalancing:us-gov-west-1:050779347855:loadbalancer/app/awseb-AWSEB-8H0U1SE19616/b167e44c5a2ca844",
            "idle_timeout": 60,
            "internal": false,
            "ip_address_type": "ipv4",
            "load_balancer_type": "application",
            "name": "awseb-AWSEB-8H0U1SE19616",
            "name_prefix": null,
            "preserve_host_header": false,
            "security_groups": [
              "sg-07f009cc182a06a04"
            ],
            "subnet_mapping": [
              {
                "allocation_id": "",
                "ipv6_address": "",
                "outpost_id": "",
                "private_ipv4_address": "",
                "subnet_id": "subnet-0680aa96bc65f072d"
              },
              {
                "allocation_id": "",
                "ipv6_address": "",
                "outpost_id": "",
                "private_ipv4_address": "",
                "subnet_id": "subnet-07402e5b661b23bec"
              },
              {
                "allocation_id": "",
                "ipv6_address": "",
                "outpost_id": "",
                "private_ipv4_address": "",
                "subnet_id": "subnet-076f8b852c6b60060"
              }
            ],
            "subnets": [
              "subnet-0680aa96bc65f072d",
              "subnet-07402e5b661b23bec",
              "subnet-076f8b852c6b60060"
            ],
            "tags": {
              "Name": "dbt-clinician-web-green",
              "elasticbeanstalk:environment-id": "e-jgrjparfpf",
              "elasticbeanstalk:environment-name": "dbt-clinician-web-green"
            },
            "tags_all": {
              "Name": "dbt-clinician-web-green",
              "elasticbeanstalk:environment-id": "e-jgrjparfpf",
              "elasticbeanstalk:environment-name": "dbt-clinician-web-green"
            },
            "timeouts": null,
            "vpc_id": "vpc-0bd9acb7990b4154d",
            "xff_header_processing_mode": "append",
            "zone_id": "Z33AYJ8TM3BH4J"
          },
          "sensitive_attributes": []
        }
      ]
    },
    {
      "mode": "managed",
      "type": "aws_lb",
      "name": "awseb_AWSEB_9EQA00IFFDNV",
      "provider": "provider[\"registry.terraform.io/hashicorp/aws\"]",
      "instances": [
        {
          "schema_version": 0,
          "attributes": {
            "access_logs": [
              {
                "bucket": "allogy-elb-logs-prod",
                "enabled": true,
                "prefix": "services-gateway-blue"
              }
            ],
            "arn": "arn:aws-us-gov:elasticloadbalancing:us-gov-west-1:050779347855:loadbalancer/app/awseb-AWSEB-9EQA00IFFDNV/51f5f97fcb37b814",
            "arn_suffix": "app/awseb-AWSEB-9EQA00IFFDNV/51f5f97fcb37b814",
            "customer_owned_ipv4_pool": "",
            "desync_mitigation_mode": "defensive",
            "dns_name": "awseb-AWSEB-9EQA00IFFDNV-766160653.us-gov-west-1.elb.amazonaws.com",
            "drop_invalid_header_fields": false,
            "enable_cross_zone_load_balancing": true,
            "enable_deletion_protection": false,
            "enable_http2": true,
            "enable_tls_version_and_cipher_suite_headers": false,
            "enable_waf_fail_open": false,
            "enable_xff_client_port": false,
            "id": "arn:aws-us-gov:elasticloadbalancing:us-gov-west-1:050779347855:loadbalancer/app/awseb-AWSEB-9EQA00IFFDNV/51f5f97fcb37b814",
            "idle_timeout": 60,
            "internal": false,
            "ip_address_type": "ipv4",
            "load_balancer_type": "application",
            "name": "awseb-AWSEB-9EQA00IFFDNV",
            "name_prefix": null,
            "preserve_host_header": false,
            "security_groups": [
              "sg-0a8d1d3a2d1effe5d"
            ],
            "subnet_mapping": [
              {
                "allocation_id": "",
                "ipv6_address": "",
                "outpost_id": "",
                "private_ipv4_address": "",
                "subnet_id": "subnet-0680aa96bc65f072d"
              },
              {
                "allocation_id": "",
                "ipv6_address": "",
                "outpost_id": "",
                "private_ipv4_address": "",
                "subnet_id": "subnet-07402e5b661b23bec"
              },
              {
                "allocation_id": "",
                "ipv6_address": "",
                "outpost_id": "",
                "private_ipv4_address": "",
                "subnet_id": "subnet-076f8b852c6b60060"
              }
            ],
            "subnets": [
              "subnet-0680aa96bc65f072d",
              "subnet-07402e5b661b23bec",
              "subnet-076f8b852c6b60060"
            ],
            "tags": {
              "Name": "services-gateway-blue",
              "elasticbeanstalk:environment-id": "e-32xzmdus8p",
              "elasticbeanstalk:environment-name": "services-gateway-blue"
            },
            "tags_all": {
              "Name": "services-gateway-blue",
              "elasticbeanstalk:environment-id": "e-32xzmdus8p",
              "elasticbeanstalk:environment-name": "services-gateway-blue"
            },
            "timeouts": null,
            "vpc_id": "vpc-0bd9acb7990b4154d",
            "xff_header_processing_mode": "append",
            "zone_id": "Z33AYJ8TM3BH4J"
          },
          "sensitive_attributes": []
        }
      ]
    },
    {
      "mode": "managed",
      "type": "aws_lb",
      "name": "awseb_AWSEB_DJD83A7DQHVI",
      "provider": "provider[\"registry.terraform.io/hashicorp/aws\"]",
      "instances": [
        {
          "schema_version": 0,
          "attributes": {
            "access_logs": [
              {
                "bucket": "allogy-elb-logs-prod",
                "enabled": true,
                "prefix": "learner-web-ui-gateway-blue"
              }
            ],
            "arn": "arn:aws-us-gov:elasticloadbalancing:us-gov-west-1:050779347855:loadbalancer/app/awseb-AWSEB-DJD83A7DQHVI/b5d8f12b4fe75607",
            "arn_suffix": "app/awseb-AWSEB-DJD83A7DQHVI/b5d8f12b4fe75607",
            "customer_owned_ipv4_pool": "",
            "desync_mitigation_mode": "defensive",
            "dns_name": "awseb-AWSEB-DJD83A7DQHVI-1746513889.us-gov-west-1.elb.amazonaws.com",
            "drop_invalid_header_fields": false,
            "enable_cross_zone_load_balancing": true,
            "enable_deletion_protection": false,
            "enable_http2": true,
            "enable_tls_version_and_cipher_suite_headers": false,
            "enable_waf_fail_open": false,
            "enable_xff_client_port": false,
            "id": "arn:aws-us-gov:elasticloadbalancing:us-gov-west-1:050779347855:loadbalancer/app/awseb-AWSEB-DJD83A7DQHVI/b5d8f12b4fe75607",
            "idle_timeout": 60,
            "internal": false,
            "ip_address_type": "ipv4",
            "load_balancer_type": "application",
            "name": "awseb-AWSEB-DJD83A7DQHVI",
            "name_prefix": null,
            "preserve_host_header": false,
            "security_groups": [
              "sg-02b8e9f6f4fa195b6"
            ],
            "subnet_mapping": [
              {
                "allocation_id": "",
                "ipv6_address": "",
                "outpost_id": "",
                "private_ipv4_address": "",
                "subnet_id": "subnet-0680aa96bc65f072d"
              },
              {
                "allocation_id": "",
                "ipv6_address": "",
                "outpost_id": "",
                "private_ipv4_address": "",
                "subnet_id": "subnet-07402e5b661b23bec"
              },
              {
                "allocation_id": "",
                "ipv6_address": "",
                "outpost_id": "",
                "private_ipv4_address": "",
                "subnet_id": "subnet-076f8b852c6b60060"
              }
            ],
            "subnets": [
              "subnet-0680aa96bc65f072d",
              "subnet-07402e5b661b23bec",
              "subnet-076f8b852c6b60060"
            ],
            "tags": {
              "Name": "learner-web-ui-gateway-blue",
              "elasticbeanstalk:environment-id": "e-59p3bpnwec",
              "elasticbeanstalk:environment-name": "learner-web-ui-gateway-blue"
            },
            "tags_all": {
              "Name": "learner-web-ui-gateway-blue",
              "elasticbeanstalk:environment-id": "e-59p3bpnwec",
              "elasticbeanstalk:environment-name": "learner-web-ui-gateway-blue"
            },
            "timeouts": null,
            "vpc_id": "vpc-0bd9acb7990b4154d",
            "xff_header_processing_mode": "append",
            "zone_id": "Z33AYJ8TM3BH4J"
          },
          "sensitive_attributes": []
        }
      ]
    },
    {
      "mode": "managed",
      "type": "aws_lb",
      "name": "awseb_AWSEB_NDZP2R5I5BRY",
      "provider": "provider[\"registry.terraform.io/hashicorp/aws\"]",
      "instances": [
        {
          "schema_version": 0,
          "attributes": {
            "access_logs": [
              {
                "bucket": "allogy-elb-logs-prod",
                "enabled": true,
                "prefix": "form-service-blue"
              }
            ],
            "arn": "arn:aws-us-gov:elasticloadbalancing:us-gov-west-1:050779347855:loadbalancer/app/awseb-AWSEB-NDZP2R5I5BRY/7faab2bb314013fe",
            "arn_suffix": "app/awseb-AWSEB-NDZP2R5I5BRY/7faab2bb314013fe",
            "customer_owned_ipv4_pool": "",
            "desync_mitigation_mode": "defensive",
            "dns_name": "awseb-AWSEB-NDZP2R5I5BRY-1366333964.us-gov-west-1.elb.amazonaws.com",
            "drop_invalid_header_fields": false,
            "enable_cross_zone_load_balancing": true,
            "enable_deletion_protection": false,
            "enable_http2": true,
            "enable_tls_version_and_cipher_suite_headers": false,
            "enable_waf_fail_open": false,
            "enable_xff_client_port": false,
            "id": "arn:aws-us-gov:elasticloadbalancing:us-gov-west-1:050779347855:loadbalancer/app/awseb-AWSEB-NDZP2R5I5BRY/7faab2bb314013fe",
            "idle_timeout": 60,
            "internal": false,
            "ip_address_type": "ipv4",
            "load_balancer_type": "application",
            "name": "awseb-AWSEB-NDZP2R5I5BRY",
            "name_prefix": null,
            "preserve_host_header": false,
            "security_groups": [
              "sg-006b0c4ba4ce0eed7"
            ],
            "subnet_mapping": [
              {
                "allocation_id": "",
                "ipv6_address": "",
                "outpost_id": "",
                "private_ipv4_address": "",
                "subnet_id": "subnet-0680aa96bc65f072d"
              },
              {
                "allocation_id": "",
                "ipv6_address": "",
                "outpost_id": "",
                "private_ipv4_address": "",
                "subnet_id": "subnet-07402e5b661b23bec"
              },
              {
                "allocation_id": "",
                "ipv6_address": "",
                "outpost_id": "",
                "private_ipv4_address": "",
                "subnet_id": "subnet-076f8b852c6b60060"
              }
            ],
            "subnets": [
              "subnet-0680aa96bc65f072d",
              "subnet-07402e5b661b23bec",
              "subnet-076f8b852c6b60060"
            ],
            "tags": {
              "Name": "form-service-blue",
              "elasticbeanstalk:environment-id": "e-bmqqxwyjst",
              "elasticbeanstalk:environment-name": "form-service-blue"
            },
            "tags_all": {
              "Name": "form-service-blue",
              "elasticbeanstalk:environment-id": "e-bmqqxwyjst",
              "elasticbeanstalk:environment-name": "form-service-blue"
            },
            "timeouts": null,
            "vpc_id": "vpc-0bd9acb7990b4154d",
            "xff_header_processing_mode": "append",
            "zone_id": "Z33AYJ8TM3BH4J"
          },
          "sensitive_attributes": []
        }
      ]
    },
    {
      "mode": "managed",
      "type": "aws_lb",
      "name": "awseb_AWSEB_WCBXFBCA34C9",
      "provider": "provider[\"registry.terraform.io/hashicorp/aws\"]",
      "instances": [
        {
          "schema_version": 0,
          "attributes": {
            "access_logs": [
              {
                "bucket": "allogy-elb-logs-prod",
                "enabled": true,
                "prefix": "identity-service-blue"
              }
            ],
            "arn": "arn:aws-us-gov:elasticloadbalancing:us-gov-west-1:050779347855:loadbalancer/app/awseb-AWSEB-WCBXFBCA34C9/28d3e2c26d09e522",
            "arn_suffix": "app/awseb-AWSEB-WCBXFBCA34C9/28d3e2c26d09e522",
            "customer_owned_ipv4_pool": "",
            "desync_mitigation_mode": "defensive",
            "dns_name": "awseb-AWSEB-WCBXFBCA34C9-205852788.us-gov-west-1.elb.amazonaws.com",
            "drop_invalid_header_fields": false,
            "enable_cross_zone_load_balancing": true,
            "enable_deletion_protection": false,
            "enable_http2": true,
            "enable_tls_version_and_cipher_suite_headers": false,
            "enable_waf_fail_open": false,
            "enable_xff_client_port": false,
            "id": "arn:aws-us-gov:elasticloadbalancing:us-gov-west-1:050779347855:loadbalancer/app/awseb-AWSEB-WCBXFBCA34C9/28d3e2c26d09e522",
            "idle_timeout": 60,
            "internal": false,
            "ip_address_type": "ipv4",
            "load_balancer_type": "application",
            "name": "awseb-AWSEB-WCBXFBCA34C9",
            "name_prefix": null,
            "preserve_host_header": false,
            "security_groups": [
              "sg-01ca32fbea5e7abce"
            ],
            "subnet_mapping": [
              {
                "allocation_id": "",
                "ipv6_address": "",
                "outpost_id": "",
                "private_ipv4_address": "",
                "subnet_id": "subnet-0680aa96bc65f072d"
              },
              {
                "allocation_id": "",
                "ipv6_address": "",
                "outpost_id": "",
                "private_ipv4_address": "",
                "subnet_id": "subnet-07402e5b661b23bec"
              },
              {
                "allocation_id": "",
                "ipv6_address": "",
                "outpost_id": "",
                "private_ipv4_address": "",
                "subnet_id": "subnet-076f8b852c6b60060"
              }
            ],
            "subnets": [
              "subnet-0680aa96bc65f072d",
              "subnet-07402e5b661b23bec",
              "subnet-076f8b852c6b60060"
            ],
            "tags": {
              "Name": "identity-service-blue",
              "elasticbeanstalk:environment-id": "e-udanqbam3f",
              "elasticbeanstalk:environment-name": "identity-service-blue"
            },
            "tags_all": {
              "Name": "identity-service-blue",
              "elasticbeanstalk:environment-id": "e-udanqbam3f",
              "elasticbeanstalk:environment-name": "identity-service-blue"
            },
            "timeouts": null,
            "vpc_id": "vpc-0bd9acb7990b4154d",
            "xff_header_processing_mode": "append",
            "zone_id": "Z33AYJ8TM3BH4J"
          },
          "sensitive_attributes": []
        }
      ]
    },
    {
      "mode": "managed",
      "type": "aws_lb",
      "name": "awseb_AWSEB_XSOHODKYO0N7",
      "provider": "provider[\"registry.terraform.io/hashicorp/aws\"]",
      "instances": [
        {
          "schema_version": 0,
          "attributes": {
            "access_logs": [
              {
                "bucket": "allogy-elb-logs-prod",
                "enabled": true,
                "prefix": "capillary-web-ui-gateway-green"
              }
            ],
            "arn": "arn:aws-us-gov:elasticloadbalancing:us-gov-west-1:050779347855:loadbalancer/app/awseb-AWSEB-XSOHODKYO0N7/76e4011fa2a24353",
            "arn_suffix": "app/awseb-AWSEB-XSOHODKYO0N7/76e4011fa2a24353",
            "customer_owned_ipv4_pool": "",
            "desync_mitigation_mode": "defensive",
            "dns_name": "awseb-AWSEB-XSOHODKYO0N7-1974360197.us-gov-west-1.elb.amazonaws.com",
            "drop_invalid_header_fields": false,
            "enable_cross_zone_load_balancing": true,
            "enable_deletion_protection": false,
            "enable_http2": true,
            "enable_tls_version_and_cipher_suite_headers": false,
            "enable_waf_fail_open": false,
            "enable_xff_client_port": false,
            "id": "arn:aws-us-gov:elasticloadbalancing:us-gov-west-1:050779347855:loadbalancer/app/awseb-AWSEB-XSOHODKYO0N7/76e4011fa2a24353",
            "idle_timeout": 60,
            "internal": false,
            "ip_address_type": "ipv4",
            "load_balancer_type": "application",
            "name": "awseb-AWSEB-XSOHODKYO0N7",
            "name_prefix": null,
            "preserve_host_header": false,
            "security_groups": [
              "sg-0e163ba7aac633501"
            ],
            "subnet_mapping": [
              {
                "allocation_id": "",
                "ipv6_address": "",
                "outpost_id": "",
                "private_ipv4_address": "",
                "subnet_id": "subnet-0680aa96bc65f072d"
              },
              {
                "allocation_id": "",
                "ipv6_address": "",
                "outpost_id": "",
                "private_ipv4_address": "",
                "subnet_id": "subnet-07402e5b661b23bec"
              },
              {
                "allocation_id": "",
                "ipv6_address": "",
                "outpost_id": "",
                "private_ipv4_address": "",
                "subnet_id": "subnet-076f8b852c6b60060"
              }
            ],
            "subnets": [
              "subnet-0680aa96bc65f072d",
              "subnet-07402e5b661b23bec",
              "subnet-076f8b852c6b60060"
            ],
            "tags": {
              "Name": "capillary-web-ui-gateway-green",
              "elasticbeanstalk:environment-id": "e-ipfavj64xz",
              "elasticbeanstalk:environment-name": "capillary-web-ui-gateway-green"
            },
            "tags_all": {
              "Name": "capillary-web-ui-gateway-green",
              "elasticbeanstalk:environment-id": "e-ipfavj64xz",
              "elasticbeanstalk:environment-name": "capillary-web-ui-gateway-green"
            },
            "timeouts": null,
            "vpc_id": "vpc-0bd9acb7990b4154d",
            "xff_header_processing_mode": "append",
            "zone_id": "Z33AYJ8TM3BH4J"
          },
          "sensitive_attributes": []
        }
      ]
    },
    {
      "mode": "managed",
      "type": "aws_lb",
      "name": "awseb_AWSEB_XZ6JUMA8IEE",
      "provider": "provider[\"registry.terraform.io/hashicorp/aws\"]",
      "instances": [
        {
          "schema_version": 0,
          "attributes": {
            "access_logs": [
              {
                "bucket": "allogy-elb-logs-prod",
                "enabled": true,
                "prefix": "learner-web-ui-gateway-green"
              }
            ],
            "arn": "arn:aws-us-gov:elasticloadbalancing:us-gov-west-1:050779347855:loadbalancer/app/awseb-AWSEB-XZ6JUMA8IEE/24c9cf558cf46ee7",
            "arn_suffix": "app/awseb-AWSEB-XZ6JUMA8IEE/24c9cf558cf46ee7",
            "customer_owned_ipv4_pool": "",
            "desync_mitigation_mode": "defensive",
            "dns_name": "awseb-AWSEB-XZ6JUMA8IEE-363981529.us-gov-west-1.elb.amazonaws.com",
            "drop_invalid_header_fields": false,
            "enable_cross_zone_load_balancing": true,
            "enable_deletion_protection": false,
            "enable_http2": true,
            "enable_tls_version_and_cipher_suite_headers": false,
            "enable_waf_fail_open": false,
            "enable_xff_client_port": false,
            "id": "arn:aws-us-gov:elasticloadbalancing:us-gov-west-1:050779347855:loadbalancer/app/awseb-AWSEB-XZ6JUMA8IEE/24c9cf558cf46ee7",
            "idle_timeout": 60,
            "internal": false,
            "ip_address_type": "ipv4",
            "load_balancer_type": "application",
            "name": "awseb-AWSEB-XZ6JUMA8IEE",
            "name_prefix": null,
            "preserve_host_header": false,
            "security_groups": [
              "sg-0e3e058433a4793a7"
            ],
            "subnet_mapping": [
              {
                "allocation_id": "",
                "ipv6_address": "",
                "outpost_id": "",
                "private_ipv4_address": "",
                "subnet_id": "subnet-0680aa96bc65f072d"
              },
              {
                "allocation_id": "",
                "ipv6_address": "",
                "outpost_id": "",
                "private_ipv4_address": "",
                "subnet_id": "subnet-07402e5b661b23bec"
              },
              {
                "allocation_id": "",
                "ipv6_address": "",
                "outpost_id": "",
                "private_ipv4_address": "",
                "subnet_id": "subnet-076f8b852c6b60060"
              }
            ],
            "subnets": [
              "subnet-0680aa96bc65f072d",
              "subnet-07402e5b661b23bec",
              "subnet-076f8b852c6b60060"
            ],
            "tags": {
              "Name": "learner-web-ui-gateway-green",
              "elasticbeanstalk:environment-id": "e-rwv222b3qp",
              "elasticbeanstalk:environment-name": "learner-web-ui-gateway-green"
            },
            "tags_all": {
              "Name": "learner-web-ui-gateway-green",
              "elasticbeanstalk:environment-id": "e-rwv222b3qp",
              "elasticbeanstalk:environment-name": "learner-web-ui-gateway-green"
            },
            "timeouts": null,
            "vpc_id": "vpc-0bd9acb7990b4154d",
            "xff_header_processing_mode": "append",
            "zone_id": "Z33AYJ8TM3BH4J"
          },
          "sensitive_attributes": []
        }
      ]
    },
    {
      "mode": "managed",
      "type": "aws_lb",
      "name": "service_infrastructure_internal",
      "provider": "provider[\"registry.terraform.io/hashicorp/aws\"]",
      "instances": [
        {
          "schema_version": 0,
          "attributes": {
            "access_logs": [
              {
                "bucket": "",
                "enabled": false,
                "prefix": ""
              }
            ],
            "arn": "arn:aws-us-gov:elasticloadbalancing:us-gov-west-1:050779347855:loadbalancer/app/service-infrastructure-internal/fd55d6a9485ddbea",
            "arn_suffix": "app/service-infrastructure-internal/fd55d6a9485ddbea",
            "customer_owned_ipv4_pool": "",
            "desync_mitigation_mode": "defensive",
            "dns_name": "internal-service-infrastructure-internal-469256033.us-gov-west-1.elb.amazonaws.com",
            "drop_invalid_header_fields": false,
            "enable_cross_zone_load_balancing": true,
            "enable_deletion_protection": false,
            "enable_http2": true,
            "enable_tls_version_and_cipher_suite_headers": false,
            "enable_waf_fail_open": false,
            "enable_xff_client_port": false,
            "id": "arn:aws-us-gov:elasticloadbalancing:us-gov-west-1:050779347855:loadbalancer/app/service-infrastructure-internal/fd55d6a9485ddbea",
            "idle_timeout": 60,
            "internal": true,
            "ip_address_type": "ipv4",
            "load_balancer_type": "application",
            "name": "service-infrastructure-internal",
            "name_prefix": null,
            "preserve_host_header": false,
            "security_groups": [
              "sg-03769d92c81a37e14"
            ],
            "subnet_mapping": [
              {
                "allocation_id": "",
                "ipv6_address": "",
                "outpost_id": "",
                "private_ipv4_address": "",
                "subnet_id": "subnet-04e27b7af0a76d7ee"
              },
              {
                "allocation_id": "",
                "ipv6_address": "",
                "outpost_id": "",
                "private_ipv4_address": "",
                "subnet_id": "subnet-05203dc92b0823553"
              },
              {
                "allocation_id": "",
                "ipv6_address": "",
                "outpost_id": "",
                "private_ipv4_address": "",
                "subnet_id": "subnet-096303542f2113a20"
              }
            ],
            "subnets": [
              "subnet-04e27b7af0a76d7ee",
              "subnet-05203dc92b0823553",
              "subnet-096303542f2113a20"
            ],
            "tags": {},
            "tags_all": {},
            "timeouts": null,
            "vpc_id": "vpc-0bd9acb7990b4154d",
            "xff_header_processing_mode": "append",
            "zone_id": "Z33AYJ8TM3BH4J"
          },
          "sensitive_attributes": []
        }
      ]
    },
    {
      "mode": "managed",
      "type": "aws_lb_listener",
      "name": "_0b3b8aa3a964c1a0",
      "provider": "provider[\"registry.terraform.io/hashicorp/aws\"]",
      "instances": [
        {
          "schema_version": 0,
          "attributes": {
            "alpn_policy": null,
            "arn": "arn:aws-us-gov:elasticloadbalancing:us-gov-west-1:050779347855:listener/app/awseb-AWSEB-XSOHODKYO0N7/76e4011fa2a24353/0b3b8aa3a964c1a0",
            "certificate_arn": null,
            "default_action": [
              {
                "authenticate_cognito": [],
                "authenticate_oidc": [],
                "fixed_response": [],
                "forward": [],
                "order": 0,
                "redirect": [],
                "target_group_arn": "arn:aws-us-gov:elasticloadbalancing:us-gov-west-1:050779347855:targetgroup/awseb-AWSEB-TL79QFVI7V3/043977142a0dbf1d",
                "type": "forward"
              }
            ],
            "id": "arn:aws-us-gov:elasticloadbalancing:us-gov-west-1:050779347855:listener/app/awseb-AWSEB-XSOHODKYO0N7/76e4011fa2a24353/0b3b8aa3a964c1a0",
            "load_balancer_arn": "arn:aws-us-gov:elasticloadbalancing:us-gov-west-1:050779347855:loadbalancer/app/awseb-AWSEB-XSOHODKYO0N7/76e4011fa2a24353",
            "port": 80,
            "protocol": "HTTP",
            "ssl_policy": "",
            "tags": {},
            "tags_all": {},
            "timeouts": null
          },
          "sensitive_attributes": []
        }
      ]
    },
    {
      "mode": "managed",
      "type": "aws_lb_listener",
      "name": "_14c0114a3d45de8b",
      "provider": "provider[\"registry.terraform.io/hashicorp/aws\"]",
      "instances": [
        {
          "schema_version": 0,
          "attributes": {
            "alpn_policy": null,
            "arn": "arn:aws-us-gov:elasticloadbalancing:us-gov-west-1:050779347855:listener/app/awseb-AWSEB-XZ6JUMA8IEE/24c9cf558cf46ee7/14c0114a3d45de8b",
            "certificate_arn": "arn:aws-us-gov:acm:us-gov-west-1:050779347855:certificate/0ba5a0ce-3752-4631-8422-28ca164d70bc",
            "default_action": [
              {
                "authenticate_cognito": [],
                "authenticate_oidc": [],
                "fixed_response": [],
                "forward": [],
                "order": 0,
                "redirect": [],
                "target_group_arn": "arn:aws-us-gov:elasticloadbalancing:us-gov-west-1:050779347855:targetgroup/awseb-https-95M35U10HKO6/986ad47b9aaa35a5",
                "type": "forward"
              }
            ],
            "id": "arn:aws-us-gov:elasticloadbalancing:us-gov-west-1:050779347855:listener/app/awseb-AWSEB-XZ6JUMA8IEE/24c9cf558cf46ee7/14c0114a3d45de8b",
            "load_balancer_arn": "arn:aws-us-gov:elasticloadbalancing:us-gov-west-1:050779347855:loadbalancer/app/awseb-AWSEB-XZ6JUMA8IEE/24c9cf558cf46ee7",
            "port": 443,
            "protocol": "HTTPS",
            "ssl_policy": "ELBSecurityPolicy-2016-08",
            "tags": {},
            "tags_all": {},
            "timeouts": null
          },
          "sensitive_attributes": []
        }
      ]
    },
    {
      "mode": "managed",
      "type": "aws_lb_listener",
      "name": "_1755e867fd449376",
      "provider": "provider[\"registry.terraform.io/hashicorp/aws\"]",
      "instances": [
        {
          "schema_version": 0,
          "attributes": {
            "alpn_policy": null,
            "arn": "arn:aws-us-gov:elasticloadbalancing:us-gov-west-1:050779347855:listener/app/awseb-AWSEB-19VCM7V6OTYWF/116e9152168e13d3/1755e867fd449376",
            "certificate_arn": "arn:aws-us-gov:acm:us-gov-west-1:050779347855:certificate/0ba5a0ce-3752-4631-8422-28ca164d70bc",
            "default_action": [
              {
                "authenticate_cognito": [],
                "authenticate_oidc": [],
                "fixed_response": [],
                "forward": [],
                "order": 0,
                "redirect": [],
                "target_group_arn": "arn:aws-us-gov:elasticloadbalancing:us-gov-west-1:050779347855:targetgroup/awseb-https-Y2DPEDQN6QH6/07bea956e74e1c38",
                "type": "forward"
              }
            ],
            "id": "arn:aws-us-gov:elasticloadbalancing:us-gov-west-1:050779347855:listener/app/awseb-AWSEB-19VCM7V6OTYWF/116e9152168e13d3/1755e867fd449376",
            "load_balancer_arn": "arn:aws-us-gov:elasticloadbalancing:us-gov-west-1:050779347855:loadbalancer/app/awseb-AWSEB-19VCM7V6OTYWF/116e9152168e13d3",
            "port": 443,
            "protocol": "HTTPS",
            "ssl_policy": "ELBSecurityPolicy-2016-08",
            "tags": {},
            "tags_all": {},
            "timeouts": null
          },
          "sensitive_attributes": []
        }
      ]
    },
    {
      "mode": "managed",
      "type": "aws_lb_listener",
      "name": "_1afd2d1ebf60176c",
      "provider": "provider[\"registry.terraform.io/hashicorp/aws\"]",
      "instances": [
        {
          "schema_version": 0,
          "attributes": {
            "alpn_policy": null,
            "arn": "arn:aws-us-gov:elasticloadbalancing:us-gov-west-1:050779347855:listener/app/service-infrastructure-internal/fd55d6a9485ddbea/1afd2d1ebf60176c",
            "certificate_arn": "arn:aws-us-gov:acm:us-gov-west-1:050779347855:certificate/0ba5a0ce-3752-4631-8422-28ca164d70bc",
            "default_action": [
              {
                "authenticate_cognito": [],
                "authenticate_oidc": [],
                "fixed_response": [
                  {
                    "content_type": "text/plain",
                    "message_body": "",
                    "status_code": "503"
                  }
                ],
                "forward": [],
                "order": 1,
                "redirect": [],
                "target_group_arn": "",
                "type": "fixed-response"
              }
            ],
            "id": "arn:aws-us-gov:elasticloadbalancing:us-gov-west-1:050779347855:listener/app/service-infrastructure-internal/fd55d6a9485ddbea/1afd2d1ebf60176c",
            "load_balancer_arn": "arn:aws-us-gov:elasticloadbalancing:us-gov-west-1:050779347855:loadbalancer/app/service-infrastructure-internal/fd55d6a9485ddbea",
            "port": 443,
            "protocol": "HTTPS",
            "ssl_policy": "ELBSecurityPolicy-2016-08",
            "tags": {},
            "tags_all": {},
            "timeouts": null
          },
          "sensitive_attributes": []
        }
      ]
    },
    {
      "mode": "managed",
      "type": "aws_lb_listener",
      "name": "_1c78dd4e0c675aee",
      "provider": "provider[\"registry.terraform.io/hashicorp/aws\"]",
      "instances": [
        {
          "schema_version": 0,
          "attributes": {
            "alpn_policy": null,
            "arn": "arn:aws-us-gov:elasticloadbalancing:us-gov-west-1:050779347855:listener/app/awseb-AWSEB-1GLHUBRW9EX1B/c961c5120a050a5a/1c78dd4e0c675aee",
            "certificate_arn": null,
            "default_action": [
              {
                "authenticate_cognito": [],
                "authenticate_oidc": [],
                "fixed_response": [],
                "forward": [],
                "order": 0,
                "redirect": [],
                "target_group_arn": "arn:aws-us-gov:elasticloadbalancing:us-gov-west-1:050779347855:targetgroup/awseb-AWSEB-1RIBY3C1UJL6Z/777481f0becec444",
                "type": "forward"
              }
            ],
            "id": "arn:aws-us-gov:elasticloadbalancing:us-gov-west-1:050779347855:listener/app/awseb-AWSEB-1GLHUBRW9EX1B/c961c5120a050a5a/1c78dd4e0c675aee",
            "load_balancer_arn": "arn:aws-us-gov:elasticloadbalancing:us-gov-west-1:050779347855:loadbalancer/app/awseb-AWSEB-1GLHUBRW9EX1B/c961c5120a050a5a",
            "port": 80,
            "protocol": "HTTP",
            "ssl_policy": "",
            "tags": {},
            "tags_all": {},
            "timeouts": null
          },
          "sensitive_attributes": []
        }
      ]
    },
    {
      "mode": "managed",
      "type": "aws_lb_listener",
      "name": "_1e87bbb1eb7aaf83",
      "provider": "provider[\"registry.terraform.io/hashicorp/aws\"]",
      "instances": [
        {
          "schema_version": 0,
          "attributes": {
            "alpn_policy": null,
            "arn": "arn:aws-us-gov:elasticloadbalancing:us-gov-west-1:050779347855:listener/app/awseb-AWSEB-XSOHODKYO0N7/76e4011fa2a24353/1e87bbb1eb7aaf83",
            "certificate_arn": "arn:aws-us-gov:acm:us-gov-west-1:050779347855:certificate/0ba5a0ce-3752-4631-8422-28ca164d70bc",
            "default_action": [
              {
                "authenticate_cognito": [],
                "authenticate_oidc": [],
                "fixed_response": [],
                "forward": [],
                "order": 0,
                "redirect": [],
                "target_group_arn": "arn:aws-us-gov:elasticloadbalancing:us-gov-west-1:050779347855:targetgroup/awseb-https-FWBN6663VT5N/060e7dbf6250d62e",
                "type": "forward"
              }
            ],
            "id": "arn:aws-us-gov:elasticloadbalancing:us-gov-west-1:050779347855:listener/app/awseb-AWSEB-XSOHODKYO0N7/76e4011fa2a24353/1e87bbb1eb7aaf83",
            "load_balancer_arn": "arn:aws-us-gov:elasticloadbalancing:us-gov-west-1:050779347855:loadbalancer/app/awseb-AWSEB-XSOHODKYO0N7/76e4011fa2a24353",
            "port": 443,
            "protocol": "HTTPS",
            "ssl_policy": "ELBSecurityPolicy-2016-08",
            "tags": {},
            "tags_all": {},
            "timeouts": null
          },
          "sensitive_attributes": []
        }
      ]
    },
    {
      "mode": "managed",
      "type": "aws_lb_listener",
      "name": "_1f6ffe97489c5a76",
      "provider": "provider[\"registry.terraform.io/hashicorp/aws\"]",
      "instances": [
        {
          "schema_version": 0,
          "attributes": {
            "alpn_policy": null,
            "arn": "arn:aws-us-gov:elasticloadbalancing:us-gov-west-1:050779347855:listener/app/awseb-AWSEB-15X3QV41KCHP8/1084d67b6e605d54/1f6ffe97489c5a76",
            "certificate_arn": "arn:aws-us-gov:acm:us-gov-west-1:050779347855:certificate/0ba5a0ce-3752-4631-8422-28ca164d70bc",
            "default_action": [
              {
                "authenticate_cognito": [],
                "authenticate_oidc": [],
                "fixed_response": [],
                "forward": [],
                "order": 0,
                "redirect": [],
                "target_group_arn": "arn:aws-us-gov:elasticloadbalancing:us-gov-west-1:050779347855:targetgroup/awseb-https-1NPG7X2RFJRCW/5947b105fe89ccde",
                "type": "forward"
              }
            ],
            "id": "arn:aws-us-gov:elasticloadbalancing:us-gov-west-1:050779347855:listener/app/awseb-AWSEB-15X3QV41KCHP8/1084d67b6e605d54/1f6ffe97489c5a76",
            "load_balancer_arn": "arn:aws-us-gov:elasticloadbalancing:us-gov-west-1:050779347855:loadbalancer/app/awseb-AWSEB-15X3QV41KCHP8/1084d67b6e605d54",
            "port": 443,
            "protocol": "HTTPS",
            "ssl_policy": "ELBSecurityPolicy-2016-08",
            "tags": {},
            "tags_all": {},
            "timeouts": null
          },
          "sensitive_attributes": []
        }
      ]
    },
    {
      "mode": "managed",
      "type": "aws_lb_listener",
      "name": "_56c1eea262d27409",
      "provider": "provider[\"registry.terraform.io/hashicorp/aws\"]",
      "instances": [
        {
          "schema_version": 0,
          "attributes": {
            "alpn_policy": null,
            "arn": "arn:aws-us-gov:elasticloadbalancing:us-gov-west-1:050779347855:listener/app/awseb-AWSEB-1GLHUBRW9EX1B/c961c5120a050a5a/56c1eea262d27409",
            "certificate_arn": "arn:aws-us-gov:acm:us-gov-west-1:050779347855:certificate/0ba5a0ce-3752-4631-8422-28ca164d70bc",
            "default_action": [
              {
                "authenticate_cognito": [],
                "authenticate_oidc": [],
                "fixed_response": [],
                "forward": [],
                "order": 0,
                "redirect": [],
                "target_group_arn": "arn:aws-us-gov:elasticloadbalancing:us-gov-west-1:050779347855:targetgroup/awseb-https-BA13PDTGN3G/1edd65d8ab56e5dc",
                "type": "forward"
              }
            ],
            "id": "arn:aws-us-gov:elasticloadbalancing:us-gov-west-1:050779347855:listener/app/awseb-AWSEB-1GLHUBRW9EX1B/c961c5120a050a5a/56c1eea262d27409",
            "load_balancer_arn": "arn:aws-us-gov:elasticloadbalancing:us-gov-west-1:050779347855:loadbalancer/app/awseb-AWSEB-1GLHUBRW9EX1B/c961c5120a050a5a",
            "port": 443,
            "protocol": "HTTPS",
            "ssl_policy": "ELBSecurityPolicy-2016-08",
            "tags": {},
            "tags_all": {},
            "timeouts": null
          },
          "sensitive_attributes": []
        }
      ]
    },
    {
      "mode": "managed",
      "type": "aws_lb_listener",
      "name": "_5aa1200fbf806c87",
      "provider": "provider[\"registry.terraform.io/hashicorp/aws\"]",
      "instances": [
        {
          "schema_version": 0,
          "attributes": {
            "alpn_policy": null,
            "arn": "arn:aws-us-gov:elasticloadbalancing:us-gov-west-1:050779347855:listener/app/awseb-AWSEB-15FYW3NG9H6DT/cbfd3b5d8a0420ba/5aa1200fbf806c87",
            "certificate_arn": "arn:aws-us-gov:acm:us-gov-west-1:050779347855:certificate/0ba5a0ce-3752-4631-8422-28ca164d70bc",
            "default_action": [
              {
                "authenticate_cognito": [],
                "authenticate_oidc": [],
                "fixed_response": [],
                "forward": [],
                "order": 0,
                "redirect": [],
                "target_group_arn": "arn:aws-us-gov:elasticloadbalancing:us-gov-west-1:050779347855:targetgroup/awseb-https-WOEYX76SD8A1/b65166bdc08fafbd",
                "type": "forward"
              }
            ],
            "id": "arn:aws-us-gov:elasticloadbalancing:us-gov-west-1:050779347855:listener/app/awseb-AWSEB-15FYW3NG9H6DT/cbfd3b5d8a0420ba/5aa1200fbf806c87",
            "load_balancer_arn": "arn:aws-us-gov:elasticloadbalancing:us-gov-west-1:050779347855:loadbalancer/app/awseb-AWSEB-15FYW3NG9H6DT/cbfd3b5d8a0420ba",
            "port": 443,
            "protocol": "HTTPS",
            "ssl_policy": "ELBSecurityPolicy-2016-08",
            "tags": {},
            "tags_all": {},
            "timeouts": null
          },
          "sensitive_attributes": []
        }
      ]
    },
    {
      "mode": "managed",
      "type": "aws_lb_listener",
      "name": "_5e9cd992027da364",
      "provider": "provider[\"registry.terraform.io/hashicorp/aws\"]",
      "instances": [
        {
          "schema_version": 0,
          "attributes": {
            "alpn_policy": null,
            "arn": "arn:aws-us-gov:elasticloadbalancing:us-gov-west-1:050779347855:listener/app/awseb-AWSEB-15FYW3NG9H6DT/cbfd3b5d8a0420ba/5e9cd992027da364",
            "certificate_arn": null,
            "default_action": [
              {
                "authenticate_cognito": [],
                "authenticate_oidc": [],
                "fixed_response": [],
                "forward": [],
                "order": 0,
                "redirect": [
                  {
                    "host": "#{host}",
                    "path": "/#{path}",
                    "port": "443",
                    "protocol": "HTTPS",
                    "query": "#{query}",
                    "status_code": "HTTP_301"
                  }
                ],
                "target_group_arn": "",
                "type": "redirect"
              }
            ],
            "id": "arn:aws-us-gov:elasticloadbalancing:us-gov-west-1:050779347855:listener/app/awseb-AWSEB-15FYW3NG9H6DT/cbfd3b5d8a0420ba/5e9cd992027da364",
            "load_balancer_arn": "arn:aws-us-gov:elasticloadbalancing:us-gov-west-1:050779347855:loadbalancer/app/awseb-AWSEB-15FYW3NG9H6DT/cbfd3b5d8a0420ba",
            "port": 80,
            "protocol": "HTTP",
            "ssl_policy": "",
            "tags": {},
            "tags_all": {},
            "timeouts": null
          },
          "sensitive_attributes": []
        }
      ]
    },
    {
      "mode": "managed",
      "type": "aws_lb_listener",
      "name": "_661c504d0bef088b",
      "provider": "provider[\"registry.terraform.io/hashicorp/aws\"]",
      "instances": [
        {
          "schema_version": 0,
          "attributes": {
            "alpn_policy": null,
            "arn": "arn:aws-us-gov:elasticloadbalancing:us-gov-west-1:050779347855:listener/app/service-infrastructure-internal/fd55d6a9485ddbea/661c504d0bef088b",
            "certificate_arn": null,
            "default_action": [
              {
                "authenticate_cognito": [],
                "authenticate_oidc": [],
                "fixed_response": [
                  {
                    "content_type": "text/plain",
                    "message_body": "",
                    "status_code": "503"
                  }
                ],
                "forward": [],
                "order": 1,
                "redirect": [],
                "target_group_arn": "",
                "type": "fixed-response"
              }
            ],
            "id": "arn:aws-us-gov:elasticloadbalancing:us-gov-west-1:050779347855:listener/app/service-infrastructure-internal/fd55d6a9485ddbea/661c504d0bef088b",
            "load_balancer_arn": "arn:aws-us-gov:elasticloadbalancing:us-gov-west-1:050779347855:loadbalancer/app/service-infrastructure-internal/fd55d6a9485ddbea",
            "port": 80,
            "protocol": "HTTP",
            "ssl_policy": "",
            "tags": {},
            "tags_all": {},
            "timeouts": null
          },
          "sensitive_attributes": []
        }
      ]
    },
    {
      "mode": "managed",
      "type": "aws_lb_listener",
      "name": "_696030c94a7643b5",
      "provider": "provider[\"registry.terraform.io/hashicorp/aws\"]",
      "instances": [
        {
          "schema_version": 0,
          "attributes": {
            "alpn_policy": null,
            "arn": "arn:aws-us-gov:elasticloadbalancing:us-gov-west-1:050779347855:listener/app/awseb-AWSEB-8H0U1SE19616/b167e44c5a2ca844/696030c94a7643b5",
            "certificate_arn": "arn:aws-us-gov:acm:us-gov-west-1:050779347855:certificate/0ba5a0ce-3752-4631-8422-28ca164d70bc",
            "default_action": [
              {
                "authenticate_cognito": [],
                "authenticate_oidc": [],
                "fixed_response": [],
                "forward": [],
                "order": 0,
                "redirect": [],
                "target_group_arn": "arn:aws-us-gov:elasticloadbalancing:us-gov-west-1:050779347855:targetgroup/awseb-https-AUSQVE5FNNDF/c017fe1764b96b03",
                "type": "forward"
              }
            ],
            "id": "arn:aws-us-gov:elasticloadbalancing:us-gov-west-1:050779347855:listener/app/awseb-AWSEB-8H0U1SE19616/b167e44c5a2ca844/696030c94a7643b5",
            "load_balancer_arn": "arn:aws-us-gov:elasticloadbalancing:us-gov-west-1:050779347855:loadbalancer/app/awseb-AWSEB-8H0U1SE19616/b167e44c5a2ca844",
            "port": 443,
            "protocol": "HTTPS",
            "ssl_policy": "ELBSecurityPolicy-2016-08",
            "tags": {},
            "tags_all": {},
            "timeouts": null
          },
          "sensitive_attributes": []
        }
      ]
    },
    {
      "mode": "managed",
      "type": "aws_lb_listener",
      "name": "_6c8e325d9cb50865",
      "provider": "provider[\"registry.terraform.io/hashicorp/aws\"]",
      "instances": [
        {
          "schema_version": 0,
          "attributes": {
            "alpn_policy": null,
            "arn": "arn:aws-us-gov:elasticloadbalancing:us-gov-west-1:050779347855:listener/app/awseb-AWSEB-1T7NB5B3Y3A7K/10a543629c206331/6c8e325d9cb50865",
            "certificate_arn": "arn:aws-us-gov:acm:us-gov-west-1:050779347855:certificate/0ba5a0ce-3752-4631-8422-28ca164d70bc",
            "default_action": [
              {
                "authenticate_cognito": [],
                "authenticate_oidc": [],
                "fixed_response": [],
                "forward": [],
                "order": 0,
                "redirect": [],
                "target_group_arn": "arn:aws-us-gov:elasticloadbalancing:us-gov-west-1:050779347855:targetgroup/awseb-https-1ITBSVWM72LY7/4d250918fe6c03ff",
                "type": "forward"
              }
            ],
            "id": "arn:aws-us-gov:elasticloadbalancing:us-gov-west-1:050779347855:listener/app/awseb-AWSEB-1T7NB5B3Y3A7K/10a543629c206331/6c8e325d9cb50865",
            "load_balancer_arn": "arn:aws-us-gov:elasticloadbalancing:us-gov-west-1:050779347855:loadbalancer/app/awseb-AWSEB-1T7NB5B3Y3A7K/10a543629c206331",
            "port": 443,
            "protocol": "HTTPS",
            "ssl_policy": "ELBSecurityPolicy-2016-08",
            "tags": {},
            "tags_all": {},
            "timeouts": null
          },
          "sensitive_attributes": []
        }
      ]
    },
    {
      "mode": "managed",
      "type": "aws_lb_listener",
      "name": "_83240628731fb734",
      "provider": "provider[\"registry.terraform.io/hashicorp/aws\"]",
      "instances": [
        {
          "schema_version": 0,
          "attributes": {
            "alpn_policy": null,
            "arn": "arn:aws-us-gov:elasticloadbalancing:us-gov-west-1:050779347855:listener/app/awseb-AWSEB-XZ6JUMA8IEE/24c9cf558cf46ee7/83240628731fb734",
            "certificate_arn": null,
            "default_action": [
              {
                "authenticate_cognito": [],
                "authenticate_oidc": [],
                "fixed_response": [],
                "forward": [],
                "order": 0,
                "redirect": [],
                "target_group_arn": "arn:aws-us-gov:elasticloadbalancing:us-gov-west-1:050779347855:targetgroup/awseb-AWSEB-5I5BPHGEKZZU/ceb1b1d73d05204a",
                "type": "forward"
              }
            ],
            "id": "arn:aws-us-gov:elasticloadbalancing:us-gov-west-1:050779347855:listener/app/awseb-AWSEB-XZ6JUMA8IEE/24c9cf558cf46ee7/83240628731fb734",
            "load_balancer_arn": "arn:aws-us-gov:elasticloadbalancing:us-gov-west-1:050779347855:loadbalancer/app/awseb-AWSEB-XZ6JUMA8IEE/24c9cf558cf46ee7",
            "port": 80,
            "protocol": "HTTP",
            "ssl_policy": "",
            "tags": {},
            "tags_all": {},
            "timeouts": null
          },
          "sensitive_attributes": []
        }
      ]
    },
    {
      "mode": "managed",
      "type": "aws_lb_listener",
      "name": "_841aefae8e67ee68",
      "provider": "provider[\"registry.terraform.io/hashicorp/aws\"]",
      "instances": [
        {
          "schema_version": 0,
          "attributes": {
            "alpn_policy": null,
            "arn": "arn:aws-us-gov:elasticloadbalancing:us-gov-west-1:050779347855:listener/app/awseb-AWSEB-1W0ZV84FILDNY/0522b81018f9ce52/841aefae8e67ee68",
            "certificate_arn": null,
            "default_action": [
              {
                "authenticate_cognito": [],
                "authenticate_oidc": [],
                "fixed_response": [],
                "forward": [],
                "order": 0,
                "redirect": [],
                "target_group_arn": "arn:aws-us-gov:elasticloadbalancing:us-gov-west-1:050779347855:targetgroup/awseb-AWSEB-SEX4C054MM4S/acbec2c618e473f1",
                "type": "forward"
              }
            ],
            "id": "arn:aws-us-gov:elasticloadbalancing:us-gov-west-1:050779347855:listener/app/awseb-AWSEB-1W0ZV84FILDNY/0522b81018f9ce52/841aefae8e67ee68",
            "load_balancer_arn": "arn:aws-us-gov:elasticloadbalancing:us-gov-west-1:050779347855:loadbalancer/app/awseb-AWSEB-1W0ZV84FILDNY/0522b81018f9ce52",
            "port": 80,
            "protocol": "HTTP",
            "ssl_policy": "",
            "tags": {},
            "tags_all": {},
            "timeouts": null
          },
          "sensitive_attributes": []
        }
      ]
    },
    {
      "mode": "managed",
      "type": "aws_lb_listener",
      "name": "_95ed8559e141ce1a",
      "provider": "provider[\"registry.terraform.io/hashicorp/aws\"]",
      "instances": [
        {
          "schema_version": 0,
          "attributes": {
            "alpn_policy": null,
            "arn": "arn:aws-us-gov:elasticloadbalancing:us-gov-west-1:050779347855:listener/app/awseb-AWSEB-9EQA00IFFDNV/51f5f97fcb37b814/95ed8559e141ce1a",
            "certificate_arn": "arn:aws-us-gov:acm:us-gov-west-1:050779347855:certificate/0ba5a0ce-3752-4631-8422-28ca164d70bc",
            "default_action": [
              {
                "authenticate_cognito": [],
                "authenticate_oidc": [],
                "fixed_response": [],
                "forward": [],
                "order": 0,
                "redirect": [],
                "target_group_arn": "arn:aws-us-gov:elasticloadbalancing:us-gov-west-1:050779347855:targetgroup/awseb-https-1T75SCD09HAAM/7147a3a89ea4829a",
                "type": "forward"
              }
            ],
            "id": "arn:aws-us-gov:elasticloadbalancing:us-gov-west-1:050779347855:listener/app/awseb-AWSEB-9EQA00IFFDNV/51f5f97fcb37b814/95ed8559e141ce1a",
            "load_balancer_arn": "arn:aws-us-gov:elasticloadbalancing:us-gov-west-1:050779347855:loadbalancer/app/awseb-AWSEB-9EQA00IFFDNV/51f5f97fcb37b814",
            "port": 443,
            "protocol": "HTTPS",
            "ssl_policy": "ELBSecurityPolicy-2016-08",
            "tags": {},
            "tags_all": {},
            "timeouts": null
          },
          "sensitive_attributes": []
        }
      ]
    },
    {
      "mode": "managed",
      "type": "aws_lb_listener",
      "name": "_99263b50bea0f0c8",
      "provider": "provider[\"registry.terraform.io/hashicorp/aws\"]",
      "instances": [
        {
          "schema_version": 0,
          "attributes": {
            "alpn_policy": null,
            "arn": "arn:aws-us-gov:elasticloadbalancing:us-gov-west-1:050779347855:listener/app/awseb-AWSEB-1MDXACYOB2IRQ/56ec1770c583c5c0/99263b50bea0f0c8",
            "certificate_arn": null,
            "default_action": [
              {
                "authenticate_cognito": [],
                "authenticate_oidc": [],
                "fixed_response": [],
                "forward": [],
                "order": 0,
                "redirect": [
                  {
                    "host": "#{host}",
                    "path": "/#{path}",
                    "port": "443",
                    "protocol": "HTTPS",
                    "query": "#{query}",
                    "status_code": "HTTP_301"
                  }
                ],
                "target_group_arn": "",
                "type": "redirect"
              }
            ],
            "id": "arn:aws-us-gov:elasticloadbalancing:us-gov-west-1:050779347855:listener/app/awseb-AWSEB-1MDXACYOB2IRQ/56ec1770c583c5c0/99263b50bea0f0c8",
            "load_balancer_arn": "arn:aws-us-gov:elasticloadbalancing:us-gov-west-1:050779347855:loadbalancer/app/awseb-AWSEB-1MDXACYOB2IRQ/56ec1770c583c5c0",
            "port": 80,
            "protocol": "HTTP",
            "ssl_policy": "",
            "tags": {},
            "tags_all": {},
            "timeouts": null
          },
          "sensitive_attributes": []
        }
      ]
    },
    {
      "mode": "managed",
      "type": "aws_lb_listener",
      "name": "_9aad07e1b4fba1d0",
      "provider": "provider[\"registry.terraform.io/hashicorp/aws\"]",
      "instances": [
        {
          "schema_version": 0,
          "attributes": {
            "alpn_policy": null,
            "arn": "arn:aws-us-gov:elasticloadbalancing:us-gov-west-1:050779347855:listener/app/awseb-AWSEB-1T7NB5B3Y3A7K/10a543629c206331/9aad07e1b4fba1d0",
            "certificate_arn": null,
            "default_action": [
              {
                "authenticate_cognito": [],
                "authenticate_oidc": [],
                "fixed_response": [],
                "forward": [],
                "order": 0,
                "redirect": [],
                "target_group_arn": "arn:aws-us-gov:elasticloadbalancing:us-gov-west-1:050779347855:targetgroup/awseb-AWSEB-YQXP658RVKNN/71cd584aa7eea690",
                "type": "forward"
              }
            ],
            "id": "arn:aws-us-gov:elasticloadbalancing:us-gov-west-1:050779347855:listener/app/awseb-AWSEB-1T7NB5B3Y3A7K/10a543629c206331/9aad07e1b4fba1d0",
            "load_balancer_arn": "arn:aws-us-gov:elasticloadbalancing:us-gov-west-1:050779347855:loadbalancer/app/awseb-AWSEB-1T7NB5B3Y3A7K/10a543629c206331",
            "port": 80,
            "protocol": "HTTP",
            "ssl_policy": "",
            "tags": {},
            "tags_all": {},
            "timeouts": null
          },
          "sensitive_attributes": []
        }
      ]
    },
    {
      "mode": "managed",
      "type": "aws_lb_listener",
      "name": "_9be8ff0576745a89",
      "provider": "provider[\"registry.terraform.io/hashicorp/aws\"]",
      "instances": [
        {
          "schema_version": 0,
          "attributes": {
            "alpn_policy": null,
            "arn": "arn:aws-us-gov:elasticloadbalancing:us-gov-west-1:050779347855:listener/app/awseb-AWSEB-NDZP2R5I5BRY/7faab2bb314013fe/9be8ff0576745a89",
            "certificate_arn": "arn:aws-us-gov:acm:us-gov-west-1:050779347855:certificate/0ba5a0ce-3752-4631-8422-28ca164d70bc",
            "default_action": [
              {
                "authenticate_cognito": [],
                "authenticate_oidc": [],
                "fixed_response": [],
                "forward": [],
                "order": 0,
                "redirect": [],
                "target_group_arn": "arn:aws-us-gov:elasticloadbalancing:us-gov-west-1:050779347855:targetgroup/awseb-https-KDPXFWOISYA9/d1ed4548e1b5af37",
                "type": "forward"
              }
            ],
            "id": "arn:aws-us-gov:elasticloadbalancing:us-gov-west-1:050779347855:listener/app/awseb-AWSEB-NDZP2R5I5BRY/7faab2bb314013fe/9be8ff0576745a89",
            "load_balancer_arn": "arn:aws-us-gov:elasticloadbalancing:us-gov-west-1:050779347855:loadbalancer/app/awseb-AWSEB-NDZP2R5I5BRY/7faab2bb314013fe",
            "port": 443,
            "protocol": "HTTPS",
            "ssl_policy": "ELBSecurityPolicy-2016-08",
            "tags": {},
            "tags_all": {},
            "timeouts": null
          },
          "sensitive_attributes": []
        }
      ]
    },
    {
      "mode": "managed",
      "type": "aws_lb_listener",
      "name": "_9c5a11f18f8c74cd",
      "provider": "provider[\"registry.terraform.io/hashicorp/aws\"]",
      "instances": [
        {
          "schema_version": 0,
          "attributes": {
            "alpn_policy": null,
            "arn": "arn:aws-us-gov:elasticloadbalancing:us-gov-west-1:050779347855:listener/app/awseb-AWSEB-1MDXACYOB2IRQ/56ec1770c583c5c0/9c5a11f18f8c74cd",
            "certificate_arn": "arn:aws-us-gov:acm:us-gov-west-1:050779347855:certificate/0ba5a0ce-3752-4631-8422-28ca164d70bc",
            "default_action": [
              {
                "authenticate_cognito": [],
                "authenticate_oidc": [],
                "fixed_response": [],
                "forward": [],
                "order": 0,
                "redirect": [],
                "target_group_arn": "arn:aws-us-gov:elasticloadbalancing:us-gov-west-1:050779347855:targetgroup/awseb-https-13BRWX43RBRKL/9afaf32c8e7dde20",
                "type": "forward"
              }
            ],
            "id": "arn:aws-us-gov:elasticloadbalancing:us-gov-west-1:050779347855:listener/app/awseb-AWSEB-1MDXACYOB2IRQ/56ec1770c583c5c0/9c5a11f18f8c74cd",
            "load_balancer_arn": "arn:aws-us-gov:elasticloadbalancing:us-gov-west-1:050779347855:loadbalancer/app/awseb-AWSEB-1MDXACYOB2IRQ/56ec1770c583c5c0",
            "port": 443,
            "protocol": "HTTPS",
            "ssl_policy": "ELBSecurityPolicy-2016-08",
            "tags": {},
            "tags_all": {},
            "timeouts": null
          },
          "sensitive_attributes": []
        }
      ]
    },
    {
      "mode": "managed",
      "type": "aws_lb_listener",
      "name": "aadc45173b01ef09",
      "provider": "provider[\"registry.terraform.io/hashicorp/aws\"]",
      "instances": [
        {
          "schema_version": 0,
          "attributes": {
            "alpn_policy": null,
            "arn": "arn:aws-us-gov:elasticloadbalancing:us-gov-west-1:050779347855:listener/app/awseb-AWSEB-15X3QV41KCHP8/1084d67b6e605d54/aadc45173b01ef09",
            "certificate_arn": null,
            "default_action": [
              {
                "authenticate_cognito": [],
                "authenticate_oidc": [],
                "fixed_response": [],
                "forward": [],
                "order": 0,
                "redirect": [],
                "target_group_arn": "arn:aws-us-gov:elasticloadbalancing:us-gov-west-1:050779347855:targetgroup/awseb-AWSEB-2K3XZ04E4CGX/ea85e2af213f03dc",
                "type": "forward"
              }
            ],
            "id": "arn:aws-us-gov:elasticloadbalancing:us-gov-west-1:050779347855:listener/app/awseb-AWSEB-15X3QV41KCHP8/1084d67b6e605d54/aadc45173b01ef09",
            "load_balancer_arn": "arn:aws-us-gov:elasticloadbalancing:us-gov-west-1:050779347855:loadbalancer/app/awseb-AWSEB-15X3QV41KCHP8/1084d67b6e605d54",
            "port": 80,
            "protocol": "HTTP",
            "ssl_policy": "",
            "tags": {},
            "tags_all": {},
            "timeouts": null
          },
          "sensitive_attributes": []
        }
      ]
    },
    {
      "mode": "managed",
      "type": "aws_lb_listener",
      "name": "b62eb75287221bfb",
      "provider": "provider[\"registry.terraform.io/hashicorp/aws\"]",
      "instances": [
        {
          "schema_version": 0,
          "attributes": {
            "alpn_policy": null,
            "arn": "arn:aws-us-gov:elasticloadbalancing:us-gov-west-1:050779347855:listener/app/awseb-AWSEB-WCBXFBCA34C9/28d3e2c26d09e522/b62eb75287221bfb",
            "certificate_arn": "arn:aws-us-gov:acm:us-gov-west-1:050779347855:certificate/0ba5a0ce-3752-4631-8422-28ca164d70bc",
            "default_action": [
              {
                "authenticate_cognito": [],
                "authenticate_oidc": [],
                "fixed_response": [],
                "forward": [],
                "order": 0,
                "redirect": [],
                "target_group_arn": "arn:aws-us-gov:elasticloadbalancing:us-gov-west-1:050779347855:targetgroup/awseb-https-ABQH2Z86TMP8/483f042e79cc7972",
                "type": "forward"
              }
            ],
            "id": "arn:aws-us-gov:elasticloadbalancing:us-gov-west-1:050779347855:listener/app/awseb-AWSEB-WCBXFBCA34C9/28d3e2c26d09e522/b62eb75287221bfb",
            "load_balancer_arn": "arn:aws-us-gov:elasticloadbalancing:us-gov-west-1:050779347855:loadbalancer/app/awseb-AWSEB-WCBXFBCA34C9/28d3e2c26d09e522",
            "port": 443,
            "protocol": "HTTPS",
            "ssl_policy": "ELBSecurityPolicy-2016-08",
            "tags": {},
            "tags_all": {},
            "timeouts": null
          },
          "sensitive_attributes": []
        }
      ]
    },
    {
      "mode": "managed",
      "type": "aws_lb_listener",
      "name": "c88e0c581bcc0293",
      "provider": "provider[\"registry.terraform.io/hashicorp/aws\"]",
      "instances": [
        {
          "schema_version": 0,
          "attributes": {
            "alpn_policy": null,
            "arn": "arn:aws-us-gov:elasticloadbalancing:us-gov-west-1:050779347855:listener/app/awseb-AWSEB-1W0ZV84FILDNY/0522b81018f9ce52/c88e0c581bcc0293",
            "certificate_arn": "arn:aws-us-gov:acm:us-gov-west-1:050779347855:certificate/0ba5a0ce-3752-4631-8422-28ca164d70bc",
            "default_action": [
              {
                "authenticate_cognito": [],
                "authenticate_oidc": [],
                "fixed_response": [],
                "forward": [],
                "order": 0,
                "redirect": [],
                "target_group_arn": "arn:aws-us-gov:elasticloadbalancing:us-gov-west-1:050779347855:targetgroup/awseb-https-JJG3XZEW6RBE/338ad25d27256cd4",
                "type": "forward"
              }
            ],
            "id": "arn:aws-us-gov:elasticloadbalancing:us-gov-west-1:050779347855:listener/app/awseb-AWSEB-1W0ZV84FILDNY/0522b81018f9ce52/c88e0c581bcc0293",
            "load_balancer_arn": "arn:aws-us-gov:elasticloadbalancing:us-gov-west-1:050779347855:loadbalancer/app/awseb-AWSEB-1W0ZV84FILDNY/0522b81018f9ce52",
            "port": 443,
            "protocol": "HTTPS",
            "ssl_policy": "ELBSecurityPolicy-2016-08",
            "tags": {},
            "tags_all": {},
            "timeouts": null
          },
          "sensitive_attributes": []
        }
      ]
    },
    {
      "mode": "managed",
      "type": "aws_lb_listener",
      "name": "cb0551399b03abc9",
      "provider": "provider[\"registry.terraform.io/hashicorp/aws\"]",
      "instances": [
        {
          "schema_version": 0,
          "attributes": {
            "alpn_policy": null,
            "arn": "arn:aws-us-gov:elasticloadbalancing:us-gov-west-1:050779347855:listener/app/awseb-AWSEB-19VCM7V6OTYWF/116e9152168e13d3/cb0551399b03abc9",
            "certificate_arn": null,
            "default_action": [
              {
                "authenticate_cognito": [],
                "authenticate_oidc": [],
                "fixed_response": [],
                "forward": [],
                "order": 0,
                "redirect": [],
                "target_group_arn": "arn:aws-us-gov:elasticloadbalancing:us-gov-west-1:050779347855:targetgroup/awseb-AWSEB-AAEU0KCESEZW/17534a71c8a56fe4",
                "type": "forward"
              }
            ],
            "id": "arn:aws-us-gov:elasticloadbalancing:us-gov-west-1:050779347855:listener/app/awseb-AWSEB-19VCM7V6OTYWF/116e9152168e13d3/cb0551399b03abc9",
            "load_balancer_arn": "arn:aws-us-gov:elasticloadbalancing:us-gov-west-1:050779347855:loadbalancer/app/awseb-AWSEB-19VCM7V6OTYWF/116e9152168e13d3",
            "port": 80,
            "protocol": "HTTP",
            "ssl_policy": "",
            "tags": {},
            "tags_all": {},
            "timeouts": null
          },
          "sensitive_attributes": []
        }
      ]
    },
    {
      "mode": "managed",
      "type": "aws_lb_listener",
      "name": "d4e3a857f9873dce",
      "provider": "provider[\"registry.terraform.io/hashicorp/aws\"]",
      "instances": [
        {
          "schema_version": 0,
          "attributes": {
            "alpn_policy": null,
            "arn": "arn:aws-us-gov:elasticloadbalancing:us-gov-west-1:050779347855:listener/app/awseb-AWSEB-8H0U1SE19616/b167e44c5a2ca844/d4e3a857f9873dce",
            "certificate_arn": null,
            "default_action": [
              {
                "authenticate_cognito": [],
                "authenticate_oidc": [],
                "fixed_response": [],
                "forward": [],
                "order": 0,
                "redirect": [],
                "target_group_arn": "arn:aws-us-gov:elasticloadbalancing:us-gov-west-1:050779347855:targetgroup/awseb-AWSEB-15MUDOYVBCD0V/931d2e2232b0f747",
                "type": "forward"
              }
            ],
            "id": "arn:aws-us-gov:elasticloadbalancing:us-gov-west-1:050779347855:listener/app/awseb-AWSEB-8H0U1SE19616/b167e44c5a2ca844/d4e3a857f9873dce",
            "load_balancer_arn": "arn:aws-us-gov:elasticloadbalancing:us-gov-west-1:050779347855:loadbalancer/app/awseb-AWSEB-8H0U1SE19616/b167e44c5a2ca844",
            "port": 80,
            "protocol": "HTTP",
            "ssl_policy": "",
            "tags": {},
            "tags_all": {},
            "timeouts": null
          },
          "sensitive_attributes": []
        }
      ]
    },
    {
      "mode": "managed",
      "type": "aws_lb_listener",
      "name": "d87de567fb8b3424",
      "provider": "provider[\"registry.terraform.io/hashicorp/aws\"]",
      "instances": [
        {
          "schema_version": 0,
          "attributes": {
            "alpn_policy": null,
            "arn": "arn:aws-us-gov:elasticloadbalancing:us-gov-west-1:050779347855:listener/app/service-infrastructure-internal/fd55d6a9485ddbea/d87de567fb8b3424",
            "certificate_arn": "arn:aws-us-gov:acm:us-gov-west-1:050779347855:certificate/0ba5a0ce-3752-4631-8422-28ca164d70bc",
            "default_action": [
              {
                "authenticate_cognito": [],
                "authenticate_oidc": [],
                "fixed_response": [],
                "forward": [],
                "order": 1,
                "redirect": [],
                "target_group_arn": "arn:aws-us-gov:elasticloadbalancing:us-gov-west-1:050779347855:targetgroup/ecs-default-spring-config-server/f97e706dd938b351",
                "type": "forward"
              }
            ],
            "id": "arn:aws-us-gov:elasticloadbalancing:us-gov-west-1:050779347855:listener/app/service-infrastructure-internal/fd55d6a9485ddbea/d87de567fb8b3424",
            "load_balancer_arn": "arn:aws-us-gov:elasticloadbalancing:us-gov-west-1:050779347855:loadbalancer/app/service-infrastructure-internal/fd55d6a9485ddbea",
            "port": 8888,
            "protocol": "HTTPS",
            "ssl_policy": "ELBSecurityPolicy-2016-08",
            "tags": {},
            "tags_all": {},
            "timeouts": null
          },
          "sensitive_attributes": []
        }
      ]
    },
    {
      "mode": "managed",
      "type": "aws_lb_listener",
      "name": "defdcfa8ca8c1879",
      "provider": "provider[\"registry.terraform.io/hashicorp/aws\"]",
      "instances": [
        {
          "schema_version": 0,
          "attributes": {
            "alpn_policy": null,
            "arn": "arn:aws-us-gov:elasticloadbalancing:us-gov-west-1:050779347855:listener/app/awseb-AWSEB-9EQA00IFFDNV/51f5f97fcb37b814/defdcfa8ca8c1879",
            "certificate_arn": null,
            "default_action": [
              {
                "authenticate_cognito": [],
                "authenticate_oidc": [],
                "fixed_response": [],
                "forward": [],
                "order": 0,
                "redirect": [
                  {
                    "host": "#{host}",
                    "path": "/#{path}",
                    "port": "443",
                    "protocol": "HTTPS",
                    "query": "#{query}",
                    "status_code": "HTTP_301"
                  }
                ],
                "target_group_arn": "",
                "type": "redirect"
              }
            ],
            "id": "arn:aws-us-gov:elasticloadbalancing:us-gov-west-1:050779347855:listener/app/awseb-AWSEB-9EQA00IFFDNV/51f5f97fcb37b814/defdcfa8ca8c1879",
            "load_balancer_arn": "arn:aws-us-gov:elasticloadbalancing:us-gov-west-1:050779347855:loadbalancer/app/awseb-AWSEB-9EQA00IFFDNV/51f5f97fcb37b814",
            "port": 80,
            "protocol": "HTTP",
            "ssl_policy": "",
            "tags": {},
            "tags_all": {},
            "timeouts": null
          },
          "sensitive_attributes": []
        }
      ]
    },
    {
      "mode": "managed",
      "type": "aws_lb_listener",
      "name": "e52e463c32c8cf55",
      "provider": "provider[\"registry.terraform.io/hashicorp/aws\"]",
      "instances": [
        {
          "schema_version": 0,
          "attributes": {
            "alpn_policy": null,
            "arn": "arn:aws-us-gov:elasticloadbalancing:us-gov-west-1:050779347855:listener/app/awseb-AWSEB-NDZP2R5I5BRY/7faab2bb314013fe/e52e463c32c8cf55",
            "certificate_arn": null,
            "default_action": [
              {
                "authenticate_cognito": [],
                "authenticate_oidc": [],
                "fixed_response": [],
                "forward": [],
                "order": 0,
                "redirect": [
                  {
                    "host": "#{host}",
                    "path": "/#{path}",
                    "port": "443",
                    "protocol": "HTTPS",
                    "query": "#{query}",
                    "status_code": "HTTP_301"
                  }
                ],
                "target_group_arn": "",
                "type": "redirect"
              }
            ],
            "id": "arn:aws-us-gov:elasticloadbalancing:us-gov-west-1:050779347855:listener/app/awseb-AWSEB-NDZP2R5I5BRY/7faab2bb314013fe/e52e463c32c8cf55",
            "load_balancer_arn": "arn:aws-us-gov:elasticloadbalancing:us-gov-west-1:050779347855:loadbalancer/app/awseb-AWSEB-NDZP2R5I5BRY/7faab2bb314013fe",
            "port": 80,
            "protocol": "HTTP",
            "ssl_policy": "",
            "tags": {},
            "tags_all": {},
            "timeouts": null
          },
          "sensitive_attributes": []
        }
      ]
    },
    {
      "mode": "managed",
      "type": "aws_lb_listener",
      "name": "edaa83fbe82e0dca",
      "provider": "provider[\"registry.terraform.io/hashicorp/aws\"]",
      "instances": [
        {
          "schema_version": 0,
          "attributes": {
            "alpn_policy": null,
            "arn": "arn:aws-us-gov:elasticloadbalancing:us-gov-west-1:050779347855:listener/app/awseb-AWSEB-DJD83A7DQHVI/b5d8f12b4fe75607/edaa83fbe82e0dca",
            "certificate_arn": "arn:aws-us-gov:acm:us-gov-west-1:050779347855:certificate/0ba5a0ce-3752-4631-8422-28ca164d70bc",
            "default_action": [
              {
                "authenticate_cognito": [],
                "authenticate_oidc": [],
                "fixed_response": [],
                "forward": [],
                "order": 0,
                "redirect": [],
                "target_group_arn": "arn:aws-us-gov:elasticloadbalancing:us-gov-west-1:050779347855:targetgroup/awseb-https-JRUKW21HVQNJ/6d4c136043ff5bab",
                "type": "forward"
              }
            ],
            "id": "arn:aws-us-gov:elasticloadbalancing:us-gov-west-1:050779347855:listener/app/awseb-AWSEB-DJD83A7DQHVI/b5d8f12b4fe75607/edaa83fbe82e0dca",
            "load_balancer_arn": "arn:aws-us-gov:elasticloadbalancing:us-gov-west-1:050779347855:loadbalancer/app/awseb-AWSEB-DJD83A7DQHVI/b5d8f12b4fe75607",
            "port": 443,
            "protocol": "HTTPS",
            "ssl_policy": "ELBSecurityPolicy-2016-08",
            "tags": {},
            "tags_all": {},
            "timeouts": null
          },
          "sensitive_attributes": []
        }
      ]
    },
    {
      "mode": "managed",
      "type": "aws_lb_listener",
      "name": "f202fab3f7cc017c",
      "provider": "provider[\"registry.terraform.io/hashicorp/aws\"]",
      "instances": [
        {
          "schema_version": 0,
          "attributes": {
            "alpn_policy": null,
            "arn": "arn:aws-us-gov:elasticloadbalancing:us-gov-west-1:050779347855:listener/app/awseb-AWSEB-WCBXFBCA34C9/28d3e2c26d09e522/f202fab3f7cc017c",
            "certificate_arn": null,
            "default_action": [
              {
                "authenticate_cognito": [],
                "authenticate_oidc": [],
                "fixed_response": [],
                "forward": [],
                "order": 0,
                "redirect": [],
                "target_group_arn": "arn:aws-us-gov:elasticloadbalancing:us-gov-west-1:050779347855:targetgroup/awseb-AWSEB-85FZMWFW80KB/e81c3f994726fc24",
                "type": "forward"
              }
            ],
            "id": "arn:aws-us-gov:elasticloadbalancing:us-gov-west-1:050779347855:listener/app/awseb-AWSEB-WCBXFBCA34C9/28d3e2c26d09e522/f202fab3f7cc017c",
            "load_balancer_arn": "arn:aws-us-gov:elasticloadbalancing:us-gov-west-1:050779347855:loadbalancer/app/awseb-AWSEB-WCBXFBCA34C9/28d3e2c26d09e522",
            "port": 80,
            "protocol": "HTTP",
            "ssl_policy": "",
            "tags": {},
            "tags_all": {},
            "timeouts": null
          },
          "sensitive_attributes": []
        }
      ]
    },
    {
      "mode": "managed",
      "type": "aws_lb_listener",
      "name": "f586a2cd7d62bf67",
      "provider": "provider[\"registry.terraform.io/hashicorp/aws\"]",
      "instances": [
        {
          "schema_version": 0,
          "attributes": {
            "alpn_policy": null,
            "arn": "arn:aws-us-gov:elasticloadbalancing:us-gov-west-1:050779347855:listener/app/awseb-AWSEB-DJD83A7DQHVI/b5d8f12b4fe75607/f586a2cd7d62bf67",
            "certificate_arn": null,
            "default_action": [
              {
                "authenticate_cognito": [],
                "authenticate_oidc": [],
                "fixed_response": [],
                "forward": [],
                "order": 0,
                "redirect": [
                  {
                    "host": "#{host}",
                    "path": "/#{path}",
                    "port": "443",
                    "protocol": "HTTPS",
                    "query": "#{query}",
                    "status_code": "HTTP_301"
                  }
                ],
                "target_group_arn": "",
                "type": "redirect"
              }
            ],
            "id": "arn:aws-us-gov:elasticloadbalancing:us-gov-west-1:050779347855:listener/app/awseb-AWSEB-DJD83A7DQHVI/b5d8f12b4fe75607/f586a2cd7d62bf67",
            "load_balancer_arn": "arn:aws-us-gov:elasticloadbalancing:us-gov-west-1:050779347855:loadbalancer/app/awseb-AWSEB-DJD83A7DQHVI/b5d8f12b4fe75607",
            "port": 80,
            "protocol": "HTTP",
            "ssl_policy": "",
            "tags": {},
            "tags_all": {},
            "timeouts": null
          },
          "sensitive_attributes": []
        }
      ]
    },
    {
      "mode": "managed",
      "type": "aws_lb_listener_certificate",
      "name": "arn_aws_us_gov_elasticloadbalancing_us_gov_west_1_050779347855_listener_app_awseb_AWSEB_15X3QV41KCHP8_1084d67b6e605d54_1f6ffe97489c5a76_arn_aws_us_gov_acm_us_gov_west_1_050779347855_certificate_7df3d95c_1d52_40c7_a982_7c2cf5f2e793",
      "provider": "provider[\"registry.terraform.io/hashicorp/aws\"]",
      "instances": [
        {
          "schema_version": 0,
          "attributes": {
            "certificate_arn": "arn:aws-us-gov:acm:us-gov-west-1:050779347855:certificate/7df3d95c-1d52-40c7-a982-7c2cf5f2e793",
            "id": "arn:aws-us-gov:elasticloadbalancing:us-gov-west-1:050779347855:listener/app/awseb-AWSEB-15X3QV41KCHP8/1084d67b6e605d54/1f6ffe97489c5a76_arn:aws-us-gov:acm:us-gov-west-1:050779347855:certificate/7df3d95c-1d52-40c7-a982-7c2cf5f2e793",
            "listener_arn": "arn:aws-us-gov:elasticloadbalancing:us-gov-west-1:050779347855:listener/app/awseb-AWSEB-15X3QV41KCHP8/1084d67b6e605d54/1f6ffe97489c5a76"
          },
          "sensitive_attributes": []
        }
      ]
    },
    {
      "mode": "managed",
      "type": "aws_lb_listener_certificate",
      "name": "arn_aws_us_gov_elasticloadbalancing_us_gov_west_1_050779347855_listener_app_awseb_AWSEB_9EQA00IFFDNV_51f5f97fcb37b814_95ed8559e141ce1a_arn_aws_us_gov_acm_us_gov_west_1_050779347855_certificate_1eb67aee_2570_4e3b_85c1_341ad495800d",
      "provider": "provider[\"registry.terraform.io/hashicorp/aws\"]",
      "instances": [
        {
          "schema_version": 0,
          "attributes": {
            "certificate_arn": "arn:aws-us-gov:acm:us-gov-west-1:050779347855:certificate/1eb67aee-2570-4e3b-85c1-341ad495800d",
            "id": "arn:aws-us-gov:elasticloadbalancing:us-gov-west-1:050779347855:listener/app/awseb-AWSEB-9EQA00IFFDNV/51f5f97fcb37b814/95ed8559e141ce1a_arn:aws-us-gov:acm:us-gov-west-1:050779347855:certificate/1eb67aee-2570-4e3b-85c1-341ad495800d",
            "listener_arn": "arn:aws-us-gov:elasticloadbalancing:us-gov-west-1:050779347855:listener/app/awseb-AWSEB-9EQA00IFFDNV/51f5f97fcb37b814/95ed8559e141ce1a"
          },
          "sensitive_attributes": []
        }
      ]
    },
    {
      "mode": "managed",
      "type": "aws_lb_listener_certificate",
      "name": "arn_aws_us_gov_elasticloadbalancing_us_gov_west_1_050779347855_listener_app_awseb_AWSEB_DJD83A7DQHVI_b5d8f12b4fe75607_edaa83fbe82e0dca_arn_aws_us_gov_acm_us_gov_west_1_050779347855_certificate_1eb67aee_2570_4e3b_85c1_341ad495800d",
      "provider": "provider[\"registry.terraform.io/hashicorp/aws\"]",
      "instances": [
        {
          "schema_version": 0,
          "attributes": {
            "certificate_arn": "arn:aws-us-gov:acm:us-gov-west-1:050779347855:certificate/1eb67aee-2570-4e3b-85c1-341ad495800d",
            "id": "arn:aws-us-gov:elasticloadbalancing:us-gov-west-1:050779347855:listener/app/awseb-AWSEB-DJD83A7DQHVI/b5d8f12b4fe75607/edaa83fbe82e0dca_arn:aws-us-gov:acm:us-gov-west-1:050779347855:certificate/1eb67aee-2570-4e3b-85c1-341ad495800d",
            "listener_arn": "arn:aws-us-gov:elasticloadbalancing:us-gov-west-1:050779347855:listener/app/awseb-AWSEB-DJD83A7DQHVI/b5d8f12b4fe75607/edaa83fbe82e0dca"
          },
          "sensitive_attributes": []
        }
      ]
    },
    {
      "mode": "managed",
      "type": "aws_lb_listener_certificate",
      "name": "arn_aws_us_gov_elasticloadbalancing_us_gov_west_1_050779347855_listener_app_awseb_AWSEB_XSOHODKYO0N7_76e4011fa2a24353_1e87bbb1eb7aaf83_arn_aws_us_gov_acm_us_gov_west_1_050779347855_certificate_7df3d95c_1d52_40c7_a982_7c2cf5f2e793",
      "provider": "provider[\"registry.terraform.io/hashicorp/aws\"]",
      "instances": [
        {
          "schema_version": 0,
          "attributes": {
            "certificate_arn": "arn:aws-us-gov:acm:us-gov-west-1:050779347855:certificate/7df3d95c-1d52-40c7-a982-7c2cf5f2e793",
            "id": "arn:aws-us-gov:elasticloadbalancing:us-gov-west-1:050779347855:listener/app/awseb-AWSEB-XSOHODKYO0N7/76e4011fa2a24353/1e87bbb1eb7aaf83_arn:aws-us-gov:acm:us-gov-west-1:050779347855:certificate/7df3d95c-1d52-40c7-a982-7c2cf5f2e793",
            "listener_arn": "arn:aws-us-gov:elasticloadbalancing:us-gov-west-1:050779347855:listener/app/awseb-AWSEB-XSOHODKYO0N7/76e4011fa2a24353/1e87bbb1eb7aaf83"
          },
          "sensitive_attributes": []
        }
      ]
    },
    {
      "mode": "managed",
      "type": "aws_lb_listener_certificate",
      "name": "arn_aws_us_gov_elasticloadbalancing_us_gov_west_1_050779347855_listener_app_awseb_AWSEB_XZ6JUMA8IEE_24c9cf558cf46ee7_14c0114a3d45de8b_arn_aws_us_gov_acm_us_gov_west_1_050779347855_certificate_1eb67aee_2570_4e3b_85c1_341ad495800d",
      "provider": "provider[\"registry.terraform.io/hashicorp/aws\"]",
      "instances": [
        {
          "schema_version": 0,
          "attributes": {
            "certificate_arn": "arn:aws-us-gov:acm:us-gov-west-1:050779347855:certificate/1eb67aee-2570-4e3b-85c1-341ad495800d",
            "id": "arn:aws-us-gov:elasticloadbalancing:us-gov-west-1:050779347855:listener/app/awseb-AWSEB-XZ6JUMA8IEE/24c9cf558cf46ee7/14c0114a3d45de8b_arn:aws-us-gov:acm:us-gov-west-1:050779347855:certificate/1eb67aee-2570-4e3b-85c1-341ad495800d",
            "listener_arn": "arn:aws-us-gov:elasticloadbalancing:us-gov-west-1:050779347855:listener/app/awseb-AWSEB-XZ6JUMA8IEE/24c9cf558cf46ee7/14c0114a3d45de8b"
          },
          "sensitive_attributes": []
        }
      ]
    },
    {
      "mode": "managed",
      "type": "aws_lb_listener_certificate",
      "name": "arn_aws_us_gov_elasticloadbalancing_us_gov_west_1_050779347855_listener_app_service_infrastructure_internal_fd55d6a9485ddbea_1afd2d1ebf60176c_arn_aws_us_gov_acm_us_gov_west_1_050779347855_certificate_0ba5a0ce_3752_4631_8422_28ca164d70bc",
      "provider": "provider[\"registry.terraform.io/hashicorp/aws\"]",
      "instances": [
        {
          "schema_version": 0,
          "attributes": {
            "certificate_arn": "arn:aws-us-gov:acm:us-gov-west-1:050779347855:certificate/0ba5a0ce-3752-4631-8422-28ca164d70bc",
            "id": "arn:aws-us-gov:elasticloadbalancing:us-gov-west-1:050779347855:listener/app/service-infrastructure-internal/fd55d6a9485ddbea/1afd2d1ebf60176c_arn:aws-us-gov:acm:us-gov-west-1:050779347855:certificate/0ba5a0ce-3752-4631-8422-28ca164d70bc",
            "listener_arn": "arn:aws-us-gov:elasticloadbalancing:us-gov-west-1:050779347855:listener/app/service-infrastructure-internal/fd55d6a9485ddbea/1afd2d1ebf60176c"
          },
          "sensitive_attributes": []
        }
      ]
    },
    {
      "mode": "managed",
      "type": "aws_lb_listener_certificate",
      "name": "arn_aws_us_gov_elasticloadbalancing_us_gov_west_1_050779347855_listener_app_service_infrastructure_internal_fd55d6a9485ddbea_d87de567fb8b3424_arn_aws_us_gov_acm_us_gov_west_1_050779347855_certificate_0ba5a0ce_3752_4631_8422_28ca164d70bc",
      "provider": "provider[\"registry.terraform.io/hashicorp/aws\"]",
      "instances": [
        {
          "schema_version": 0,
          "attributes": {
            "certificate_arn": "arn:aws-us-gov:acm:us-gov-west-1:050779347855:certificate/0ba5a0ce-3752-4631-8422-28ca164d70bc",
            "id": "arn:aws-us-gov:elasticloadbalancing:us-gov-west-1:050779347855:listener/app/service-infrastructure-internal/fd55d6a9485ddbea/d87de567fb8b3424_arn:aws-us-gov:acm:us-gov-west-1:050779347855:certificate/0ba5a0ce-3752-4631-8422-28ca164d70bc",
            "listener_arn": "arn:aws-us-gov:elasticloadbalancing:us-gov-west-1:050779347855:listener/app/service-infrastructure-internal/fd55d6a9485ddbea/d87de567fb8b3424"
          },
          "sensitive_attributes": []
        }
      ]
    },
    {
      "mode": "managed",
      "type": "aws_lb_listener_rule",
      "name": "_3e77d7253daf11b3",
      "provider": "provider[\"registry.terraform.io/hashicorp/aws\"]",
      "instances": [
        {
          "schema_version": 0,
          "attributes": {
            "action": [
              {
                "authenticate_cognito": [],
                "authenticate_oidc": [],
                "fixed_response": [],
                "forward": [],
                "order": 0,
                "redirect": [],
                "target_group_arn": "arn:aws-us-gov:elasticloadbalancing:us-gov-west-1:050779347855:targetgroup/ecs-default-eureka-discovery/1f071fb877be1796",
                "type": "forward"
              }
            ],
            "arn": "arn:aws-us-gov:elasticloadbalancing:us-gov-west-1:050779347855:listener-rule/app/service-infrastructure-internal/fd55d6a9485ddbea/661c504d0bef088b/3e77d7253daf11b3",
            "condition": [
              {
                "host_header": [
                  {
                    "values": [
                      "discovery-internal.allogy.com"
                    ]
                  }
                ],
                "http_header": [],
                "http_request_method": [],
                "path_pattern": [],
                "query_string": [],
                "source_ip": []
              }
            ],
            "id": "arn:aws-us-gov:elasticloadbalancing:us-gov-west-1:050779347855:listener-rule/app/service-infrastructure-internal/fd55d6a9485ddbea/661c504d0bef088b/3e77d7253daf11b3",
            "listener_arn": "arn:aws-us-gov:elasticloadbalancing:us-gov-west-1:050779347855:listener/app/service-infrastructure-internal/fd55d6a9485ddbea/661c504d0bef088b",
            "priority": 100,
            "tags": {},
            "tags_all": {}
          },
          "sensitive_attributes": []
        }
      ]
    },
    {
      "mode": "managed",
      "type": "aws_lb_listener_rule",
      "name": "a0b22e94512a6235",
      "provider": "provider[\"registry.terraform.io/hashicorp/aws\"]",
      "instances": [
        {
          "schema_version": 0,
          "attributes": {
            "action": [
              {
                "authenticate_cognito": [],
                "authenticate_oidc": [],
                "fixed_response": [],
                "forward": [],
                "order": 1,
                "redirect": [],
                "target_group_arn": "arn:aws-us-gov:elasticloadbalancing:us-gov-west-1:050779347855:targetgroup/ecs-default-eureka-discovery/1f071fb877be1796",
                "type": "forward"
              }
            ],
            "arn": "arn:aws-us-gov:elasticloadbalancing:us-gov-west-1:050779347855:listener-rule/app/service-infrastructure-internal/fd55d6a9485ddbea/1afd2d1ebf60176c/a0b22e94512a6235",
            "condition": [
              {
                "host_header": [
                  {
                    "values": [
                      "discovery-govcloud.allogy.com"
                    ]
                  }
                ],
                "http_header": [],
                "http_request_method": [],
                "path_pattern": [],
                "query_string": [],
                "source_ip": []
              }
            ],
            "id": "arn:aws-us-gov:elasticloadbalancing:us-gov-west-1:050779347855:listener-rule/app/service-infrastructure-internal/fd55d6a9485ddbea/1afd2d1ebf60176c/a0b22e94512a6235",
            "listener_arn": "arn:aws-us-gov:elasticloadbalancing:us-gov-west-1:050779347855:listener/app/service-infrastructure-internal/fd55d6a9485ddbea/1afd2d1ebf60176c",
            "priority": 100,
            "tags": {},
            "tags_all": {}
          },
          "sensitive_attributes": []
        }
      ]
    },
    {
      "mode": "managed",
      "type": "aws_lb_target_group",
      "name": "awseb_AWSEB_15MUDOYVBCD0V",
      "provider": "provider[\"registry.terraform.io/hashicorp/aws\"]",
      "instances": [
        {
          "schema_version": 0,
          "attributes": {
            "arn": "arn:aws-us-gov:elasticloadbalancing:us-gov-west-1:050779347855:targetgroup/awseb-AWSEB-15MUDOYVBCD0V/931d2e2232b0f747",
            "arn_suffix": "targetgroup/awseb-AWSEB-15MUDOYVBCD0V/931d2e2232b0f747",
            "connection_termination": null,
            "deregistration_delay": "20",
            "health_check": [
              {
                "enabled": true,
                "healthy_threshold": 3,
                "interval": 15,
                "matcher": "200",
                "path": "/infrastructure/health",
                "port": "traffic-port",
                "protocol": "HTTP",
                "timeout": 5,
                "unhealthy_threshold": 5
              }
            ],
            "id": "arn:aws-us-gov:elasticloadbalancing:us-gov-west-1:050779347855:targetgroup/awseb-AWSEB-15MUDOYVBCD0V/931d2e2232b0f747",
            "ip_address_type": "ipv4",
            "lambda_multi_value_headers_enabled": null,
            "load_balancing_algorithm_type": "round_robin",
            "load_balancing_cross_zone_enabled": "use_load_balancer_configuration",
            "name": "awseb-AWSEB-15MUDOYVBCD0V",
            "name_prefix": null,
            "port": 80,
            "preserve_client_ip": null,
            "protocol": "HTTP",
            "protocol_version": "HTTP1",
            "proxy_protocol_v2": null,
            "slow_start": 0,
            "stickiness": [
              {
                "cookie_duration": 86400,
                "cookie_name": "",
                "enabled": true,
                "type": "lb_cookie"
              }
            ],
            "tags": {
              "Name": "dbt-clinician-web-green",
              "elasticbeanstalk:environment-id": "e-jgrjparfpf",
              "elasticbeanstalk:environment-name": "dbt-clinician-web-green"
            },
            "tags_all": {
              "Name": "dbt-clinician-web-green",
              "elasticbeanstalk:environment-id": "e-jgrjparfpf",
              "elasticbeanstalk:environment-name": "dbt-clinician-web-green"
            },
            "target_failover": [
              {
                "on_deregistration": null,
                "on_unhealthy": null
              }
            ],
            "target_type": "instance",
            "vpc_id": "vpc-0bd9acb7990b4154d"
          },
          "sensitive_attributes": []
        }
      ]
    },
    {
      "mode": "managed",
      "type": "aws_lb_target_group",
      "name": "awseb_AWSEB_1CE4EQTZCXGMN",
      "provider": "provider[\"registry.terraform.io/hashicorp/aws\"]",
      "instances": [
        {
          "schema_version": 0,
          "attributes": {
            "arn": "arn:aws-us-gov:elasticloadbalancing:us-gov-west-1:050779347855:targetgroup/awseb-AWSEB-1CE4EQTZCXGMN/ed92788dada306f3",
            "arn_suffix": "targetgroup/awseb-AWSEB-1CE4EQTZCXGMN/ed92788dada306f3",
            "connection_termination": null,
            "deregistration_delay": "20",
            "health_check": [
              {
                "enabled": true,
                "healthy_threshold": 3,
                "interval": 15,
                "matcher": "200",
                "path": "/infrastructure/health",
                "port": "traffic-port",
                "protocol": "HTTP",
                "timeout": 5,
                "unhealthy_threshold": 5
              }
            ],
            "id": "arn:aws-us-gov:elasticloadbalancing:us-gov-west-1:050779347855:targetgroup/awseb-AWSEB-1CE4EQTZCXGMN/ed92788dada306f3",
            "ip_address_type": "ipv4",
            "lambda_multi_value_headers_enabled": null,
            "load_balancing_algorithm_type": "round_robin",
            "load_balancing_cross_zone_enabled": "use_load_balancer_configuration",
            "name": "awseb-AWSEB-1CE4EQTZCXGMN",
            "name_prefix": null,
            "port": 80,
            "preserve_client_ip": null,
            "protocol": "HTTP",
            "protocol_version": "HTTP1",
            "proxy_protocol_v2": null,
            "slow_start": 0,
            "stickiness": [
              {
                "cookie_duration": 86400,
                "cookie_name": "",
                "enabled": true,
                "type": "lb_cookie"
              }
            ],
            "tags": {
              "Name": "form-service-blue",
              "elasticbeanstalk:environment-id": "e-bmqqxwyjst",
              "elasticbeanstalk:environment-name": "form-service-blue"
            },
            "tags_all": {
              "Name": "form-service-blue",
              "elasticbeanstalk:environment-id": "e-bmqqxwyjst",
              "elasticbeanstalk:environment-name": "form-service-blue"
            },
            "target_failover": [
              {
                "on_deregistration": null,
                "on_unhealthy": null
              }
            ],
            "target_type": "instance",
            "vpc_id": "vpc-0bd9acb7990b4154d"
          },
          "sensitive_attributes": []
        }
      ]
    },
    {
      "mode": "managed",
      "type": "aws_lb_target_group",
      "name": "awseb_AWSEB_1KL1HTYXVLBO3",
      "provider": "provider[\"registry.terraform.io/hashicorp/aws\"]",
      "instances": [
        {
          "schema_version": 0,
          "attributes": {
            "arn": "arn:aws-us-gov:elasticloadbalancing:us-gov-west-1:050779347855:targetgroup/awseb-AWSEB-1KL1HTYXVLBO3/7cff1cc5e885e081",
            "arn_suffix": "targetgroup/awseb-AWSEB-1KL1HTYXVLBO3/7cff1cc5e885e081",
            "connection_termination": null,
            "deregistration_delay": "20",
            "health_check": [
              {
                "enabled": true,
                "healthy_threshold": 3,
                "interval": 15,
                "matcher": "200",
                "path": "/infrastructure/health",
                "port": "traffic-port",
                "protocol": "HTTP",
                "timeout": 5,
                "unhealthy_threshold": 5
              }
            ],
            "id": "arn:aws-us-gov:elasticloadbalancing:us-gov-west-1:050779347855:targetgroup/awseb-AWSEB-1KL1HTYXVLBO3/7cff1cc5e885e081",
            "ip_address_type": "ipv4",
            "lambda_multi_value_headers_enabled": null,
            "load_balancing_algorithm_type": "round_robin",
            "load_balancing_cross_zone_enabled": "use_load_balancer_configuration",
            "name": "awseb-AWSEB-1KL1HTYXVLBO3",
            "name_prefix": null,
            "port": 80,
            "preserve_client_ip": null,
            "protocol": "HTTP",
            "protocol_version": "HTTP1",
            "proxy_protocol_v2": null,
            "slow_start": 0,
            "stickiness": [
              {
                "cookie_duration": 86400,
                "cookie_name": "",
                "enabled": true,
                "type": "lb_cookie"
              }
            ],
            "tags": {
              "Name": "internal-services-gateway-green",
              "elasticbeanstalk:environment-id": "e-yd9s5vvfgp",
              "elasticbeanstalk:environment-name": "internal-services-gateway-green"
            },
            "tags_all": {
              "Name": "internal-services-gateway-green",
              "elasticbeanstalk:environment-id": "e-yd9s5vvfgp",
              "elasticbeanstalk:environment-name": "internal-services-gateway-green"
            },
            "target_failover": [
              {
                "on_deregistration": null,
                "on_unhealthy": null
              }
            ],
            "target_type": "instance",
            "vpc_id": "vpc-0bd9acb7990b4154d"
          },
          "sensitive_attributes": []
        }
      ]
    },
    {
      "mode": "managed",
      "type": "aws_lb_target_group",
      "name": "awseb_AWSEB_1RIBY3C1UJL6Z",
      "provider": "provider[\"registry.terraform.io/hashicorp/aws\"]",
      "instances": [
        {
          "schema_version": 0,
          "attributes": {
            "arn": "arn:aws-us-gov:elasticloadbalancing:us-gov-west-1:050779347855:targetgroup/awseb-AWSEB-1RIBY3C1UJL6Z/777481f0becec444",
            "arn_suffix": "targetgroup/awseb-AWSEB-1RIBY3C1UJL6Z/777481f0becec444",
            "connection_termination": null,
            "deregistration_delay": "20",
            "health_check": [
              {
                "enabled": true,
                "healthy_threshold": 3,
                "interval": 15,
                "matcher": "200",
                "path": "/infrastructure/health",
                "port": "traffic-port",
                "protocol": "HTTP",
                "timeout": 5,
                "unhealthy_threshold": 5
              }
            ],
            "id": "arn:aws-us-gov:elasticloadbalancing:us-gov-west-1:050779347855:targetgroup/awseb-AWSEB-1RIBY3C1UJL6Z/777481f0becec444",
            "ip_address_type": "ipv4",
            "lambda_multi_value_headers_enabled": null,
            "load_balancing_algorithm_type": "round_robin",
            "load_balancing_cross_zone_enabled": "use_load_balancer_configuration",
            "name": "awseb-AWSEB-1RIBY3C1UJL6Z",
            "name_prefix": null,
            "port": 80,
            "preserve_client_ip": null,
            "protocol": "HTTP",
            "protocol_version": "HTTP1",
            "proxy_protocol_v2": null,
            "slow_start": 0,
            "stickiness": [
              {
                "cookie_duration": 86400,
                "cookie_name": "",
                "enabled": true,
                "type": "lb_cookie"
              }
            ],
            "tags": {
              "Name": "mobile-client-gateway-blue",
              "elasticbeanstalk:environment-id": "e-pcw37ypdme",
              "elasticbeanstalk:environment-name": "mobile-client-gateway-blue"
            },
            "tags_all": {
              "Name": "mobile-client-gateway-blue",
              "elasticbeanstalk:environment-id": "e-pcw37ypdme",
              "elasticbeanstalk:environment-name": "mobile-client-gateway-blue"
            },
            "target_failover": [
              {
                "on_deregistration": null,
                "on_unhealthy": null
              }
            ],
            "target_type": "instance",
            "vpc_id": "vpc-0bd9acb7990b4154d"
          },
          "sensitive_attributes": []
        }
      ]
    },
    {
      "mode": "managed",
      "type": "aws_lb_target_group",
      "name": "awseb_AWSEB_2K3XZ04E4CGX",
      "provider": "provider[\"registry.terraform.io/hashicorp/aws\"]",
      "instances": [
        {
          "schema_version": 0,
          "attributes": {
            "arn": "arn:aws-us-gov:elasticloadbalancing:us-gov-west-1:050779347855:targetgroup/awseb-AWSEB-2K3XZ04E4CGX/ea85e2af213f03dc",
            "arn_suffix": "targetgroup/awseb-AWSEB-2K3XZ04E4CGX/ea85e2af213f03dc",
            "connection_termination": null,
            "deregistration_delay": "20",
            "health_check": [
              {
                "enabled": true,
                "healthy_threshold": 3,
                "interval": 15,
                "matcher": "200",
                "path": "/infrastructure/health",
                "port": "traffic-port",
                "protocol": "HTTP",
                "timeout": 5,
                "unhealthy_threshold": 5
              }
            ],
            "id": "arn:aws-us-gov:elasticloadbalancing:us-gov-west-1:050779347855:targetgroup/awseb-AWSEB-2K3XZ04E4CGX/ea85e2af213f03dc",
            "ip_address_type": "ipv4",
            "lambda_multi_value_headers_enabled": null,
            "load_balancing_algorithm_type": "round_robin",
            "load_balancing_cross_zone_enabled": "use_load_balancer_configuration",
            "name": "awseb-AWSEB-2K3XZ04E4CGX",
            "name_prefix": null,
            "port": 80,
            "preserve_client_ip": null,
            "protocol": "HTTP",
            "protocol_version": "HTTP1",
            "proxy_protocol_v2": null,
            "slow_start": 0,
            "stickiness": [
              {
                "cookie_duration": 86400,
                "cookie_name": "",
                "enabled": true,
                "type": "lb_cookie"
              }
            ],
            "tags": {
              "Name": "capillary-web-ui-gateway-blue",
              "elasticbeanstalk:environment-id": "e-bner7vhrif",
              "elasticbeanstalk:environment-name": "capillary-web-ui-gateway-blue"
            },
            "tags_all": {
              "Name": "capillary-web-ui-gateway-blue",
              "elasticbeanstalk:environment-id": "e-bner7vhrif",
              "elasticbeanstalk:environment-name": "capillary-web-ui-gateway-blue"
            },
            "target_failover": [
              {
                "on_deregistration": null,
                "on_unhealthy": null
              }
            ],
            "target_type": "instance",
            "vpc_id": "vpc-0bd9acb7990b4154d"
          },
          "sensitive_attributes": []
        }
      ]
    },
    {
      "mode": "managed",
      "type": "aws_lb_target_group",
      "name": "awseb_AWSEB_32EBDCVNET6O",
      "provider": "provider[\"registry.terraform.io/hashicorp/aws\"]",
      "instances": [
        {
          "schema_version": 0,
          "attributes": {
            "arn": "arn:aws-us-gov:elasticloadbalancing:us-gov-west-1:050779347855:targetgroup/awseb-AWSEB-32EBDCVNET6O/3e86dcafe546447e",
            "arn_suffix": "targetgroup/awseb-AWSEB-32EBDCVNET6O/3e86dcafe546447e",
            "connection_termination": null,
            "deregistration_delay": "20",
            "health_check": [
              {
                "enabled": true,
                "healthy_threshold": 3,
                "interval": 15,
                "matcher": "200",
                "path": "/infrastructure/health",
                "port": "traffic-port",
                "protocol": "HTTP",
                "timeout": 5,
                "unhealthy_threshold": 5
              }
            ],
            "id": "arn:aws-us-gov:elasticloadbalancing:us-gov-west-1:050779347855:targetgroup/awseb-AWSEB-32EBDCVNET6O/3e86dcafe546447e",
            "ip_address_type": "ipv4",
            "lambda_multi_value_headers_enabled": null,
            "load_balancing_algorithm_type": "round_robin",
            "load_balancing_cross_zone_enabled": "use_load_balancer_configuration",
            "name": "awseb-AWSEB-32EBDCVNET6O",
            "name_prefix": null,
            "port": 80,
            "preserve_client_ip": null,
            "protocol": "HTTP",
            "protocol_version": "HTTP1",
            "proxy_protocol_v2": null,
            "slow_start": 0,
            "stickiness": [
              {
                "cookie_duration": 86400,
                "cookie_name": "",
                "enabled": true,
                "type": "lb_cookie"
              }
            ],
            "tags": {
              "Name": "collaboration-person-blue",
              "elasticbeanstalk:environment-id": "e-3evreti3za",
              "elasticbeanstalk:environment-name": "collaboration-person-blue"
            },
            "tags_all": {
              "Name": "collaboration-person-blue",
              "elasticbeanstalk:environment-id": "e-3evreti3za",
              "elasticbeanstalk:environment-name": "collaboration-person-blue"
            },
            "target_failover": [
              {
                "on_deregistration": null,
                "on_unhealthy": null
              }
            ],
            "target_type": "instance",
            "vpc_id": "vpc-0bd9acb7990b4154d"
          },
          "sensitive_attributes": []
        }
      ]
    },
    {
      "mode": "managed",
      "type": "aws_lb_target_group",
      "name": "awseb_AWSEB_5I5BPHGEKZZU",
      "provider": "provider[\"registry.terraform.io/hashicorp/aws\"]",
      "instances": [
        {
          "schema_version": 0,
          "attributes": {
            "arn": "arn:aws-us-gov:elasticloadbalancing:us-gov-west-1:050779347855:targetgroup/awseb-AWSEB-5I5BPHGEKZZU/ceb1b1d73d05204a",
            "arn_suffix": "targetgroup/awseb-AWSEB-5I5BPHGEKZZU/ceb1b1d73d05204a",
            "connection_termination": null,
            "deregistration_delay": "20",
            "health_check": [
              {
                "enabled": true,
                "healthy_threshold": 3,
                "interval": 15,
                "matcher": "200",
                "path": "/infrastructure/health",
                "port": "traffic-port",
                "protocol": "HTTP",
                "timeout": 5,
                "unhealthy_threshold": 5
              }
            ],
            "id": "arn:aws-us-gov:elasticloadbalancing:us-gov-west-1:050779347855:targetgroup/awseb-AWSEB-5I5BPHGEKZZU/ceb1b1d73d05204a",
            "ip_address_type": "ipv4",
            "lambda_multi_value_headers_enabled": null,
            "load_balancing_algorithm_type": "round_robin",
            "load_balancing_cross_zone_enabled": "use_load_balancer_configuration",
            "name": "awseb-AWSEB-5I5BPHGEKZZU",
            "name_prefix": null,
            "port": 80,
            "preserve_client_ip": null,
            "protocol": "HTTP",
            "protocol_version": "HTTP1",
            "proxy_protocol_v2": null,
            "slow_start": 0,
            "stickiness": [
              {
                "cookie_duration": 86400,
                "cookie_name": "",
                "enabled": true,
                "type": "lb_cookie"
              }
            ],
            "tags": {
              "Name": "learner-web-ui-gateway-green",
              "elasticbeanstalk:environment-id": "e-rwv222b3qp",
              "elasticbeanstalk:environment-name": "learner-web-ui-gateway-green"
            },
            "tags_all": {
              "Name": "learner-web-ui-gateway-green",
              "elasticbeanstalk:environment-id": "e-rwv222b3qp",
              "elasticbeanstalk:environment-name": "learner-web-ui-gateway-green"
            },
            "target_failover": [
              {
                "on_deregistration": null,
                "on_unhealthy": null
              }
            ],
            "target_type": "instance",
            "vpc_id": "vpc-0bd9acb7990b4154d"
          },
          "sensitive_attributes": []
        }
      ]
    },
    {
      "mode": "managed",
      "type": "aws_lb_target_group",
      "name": "awseb_AWSEB_85FZMWFW80KB",
      "provider": "provider[\"registry.terraform.io/hashicorp/aws\"]",
      "instances": [
        {
          "schema_version": 0,
          "attributes": {
            "arn": "arn:aws-us-gov:elasticloadbalancing:us-gov-west-1:050779347855:targetgroup/awseb-AWSEB-85FZMWFW80KB/e81c3f994726fc24",
            "arn_suffix": "targetgroup/awseb-AWSEB-85FZMWFW80KB/e81c3f994726fc24",
            "connection_termination": null,
            "deregistration_delay": "20",
            "health_check": [
              {
                "enabled": true,
                "healthy_threshold": 3,
                "interval": 15,
                "matcher": "200",
                "path": "/infrastructure/health",
                "port": "traffic-port",
                "protocol": "HTTP",
                "timeout": 5,
                "unhealthy_threshold": 5
              }
            ],
            "id": "arn:aws-us-gov:elasticloadbalancing:us-gov-west-1:050779347855:targetgroup/awseb-AWSEB-85FZMWFW80KB/e81c3f994726fc24",
            "ip_address_type": "ipv4",
            "lambda_multi_value_headers_enabled": null,
            "load_balancing_algorithm_type": "round_robin",
            "load_balancing_cross_zone_enabled": "use_load_balancer_configuration",
            "name": "awseb-AWSEB-85FZMWFW80KB",
            "name_prefix": null,
            "port": 80,
            "preserve_client_ip": null,
            "protocol": "HTTP",
            "protocol_version": "HTTP1",
            "proxy_protocol_v2": null,
            "slow_start": 0,
            "stickiness": [
              {
                "cookie_duration": 86400,
                "cookie_name": "",
                "enabled": true,
                "type": "lb_cookie"
              }
            ],
            "tags": {
              "Name": "identity-service-blue",
              "elasticbeanstalk:environment-id": "e-udanqbam3f",
              "elasticbeanstalk:environment-name": "identity-service-blue"
            },
            "tags_all": {
              "Name": "identity-service-blue",
              "elasticbeanstalk:environment-id": "e-udanqbam3f",
              "elasticbeanstalk:environment-name": "identity-service-blue"
            },
            "target_failover": [
              {
                "on_deregistration": null,
                "on_unhealthy": null
              }
            ],
            "target_type": "instance",
            "vpc_id": "vpc-0bd9acb7990b4154d"
          },
          "sensitive_attributes": []
        }
      ]
    },
    {
      "mode": "managed",
      "type": "aws_lb_target_group",
      "name": "awseb_AWSEB_AAEU0KCESEZW",
      "provider": "provider[\"registry.terraform.io/hashicorp/aws\"]",
      "instances": [
        {
          "schema_version": 0,
          "attributes": {
            "arn": "arn:aws-us-gov:elasticloadbalancing:us-gov-west-1:050779347855:targetgroup/awseb-AWSEB-AAEU0KCESEZW/17534a71c8a56fe4",
            "arn_suffix": "targetgroup/awseb-AWSEB-AAEU0KCESEZW/17534a71c8a56fe4",
            "connection_termination": null,
            "deregistration_delay": "20",
            "health_check": [
              {
                "enabled": true,
                "healthy_threshold": 3,
                "interval": 15,
                "matcher": "200",
                "path": "/infrastructure/health",
                "port": "traffic-port",
                "protocol": "HTTP",
                "timeout": 5,
                "unhealthy_threshold": 5
              }
            ],
            "id": "arn:aws-us-gov:elasticloadbalancing:us-gov-west-1:050779347855:targetgroup/awseb-AWSEB-AAEU0KCESEZW/17534a71c8a56fe4",
            "ip_address_type": "ipv4",
            "lambda_multi_value_headers_enabled": null,
            "load_balancing_algorithm_type": "round_robin",
            "load_balancing_cross_zone_enabled": "use_load_balancer_configuration",
            "name": "awseb-AWSEB-AAEU0KCESEZW",
            "name_prefix": null,
            "port": 80,
            "preserve_client_ip": null,
            "protocol": "HTTP",
            "protocol_version": "HTTP1",
            "proxy_protocol_v2": null,
            "slow_start": 0,
            "stickiness": [
              {
                "cookie_duration": 86400,
                "cookie_name": "",
                "enabled": true,
                "type": "lb_cookie"
              }
            ],
            "tags": {
              "Name": "market-service-green",
              "elasticbeanstalk:environment-id": "e-jhagz8maay",
              "elasticbeanstalk:environment-name": "market-service-green"
            },
            "tags_all": {
              "Name": "market-service-green",
              "elasticbeanstalk:environment-id": "e-jhagz8maay",
              "elasticbeanstalk:environment-name": "market-service-green"
            },
            "target_failover": [
              {
                "on_deregistration": null,
                "on_unhealthy": null
              }
            ],
            "target_type": "instance",
            "vpc_id": "vpc-0bd9acb7990b4154d"
          },
          "sensitive_attributes": []
        }
      ]
    },
    {
      "mode": "managed",
      "type": "aws_lb_target_group",
      "name": "awseb_AWSEB_DRJX2I75DDGD",
      "provider": "provider[\"registry.terraform.io/hashicorp/aws\"]",
      "instances": [
        {
          "schema_version": 0,
          "attributes": {
            "arn": "arn:aws-us-gov:elasticloadbalancing:us-gov-west-1:050779347855:targetgroup/awseb-AWSEB-DRJX2I75DDGD/ba2456c6dc68b7d0",
            "arn_suffix": "targetgroup/awseb-AWSEB-DRJX2I75DDGD/ba2456c6dc68b7d0",
            "connection_termination": null,
            "deregistration_delay": "20",
            "health_check": [
              {
                "enabled": true,
                "healthy_threshold": 3,
                "interval": 15,
                "matcher": "200",
                "path": "/infrastructure/health",
                "port": "traffic-port",
                "protocol": "HTTP",
                "timeout": 5,
                "unhealthy_threshold": 5
              }
            ],
            "id": "arn:aws-us-gov:elasticloadbalancing:us-gov-west-1:050779347855:targetgroup/awseb-AWSEB-DRJX2I75DDGD/ba2456c6dc68b7d0",
            "ip_address_type": "ipv4",
            "lambda_multi_value_headers_enabled": null,
            "load_balancing_algorithm_type": "round_robin",
            "load_balancing_cross_zone_enabled": "use_load_balancer_configuration",
            "name": "awseb-AWSEB-DRJX2I75DDGD",
            "name_prefix": null,
            "port": 80,
            "preserve_client_ip": null,
            "protocol": "HTTP",
            "protocol_version": "HTTP1",
            "proxy_protocol_v2": null,
            "slow_start": 0,
            "stickiness": [
              {
                "cookie_duration": 86400,
                "cookie_name": "",
                "enabled": true,
                "type": "lb_cookie"
              }
            ],
            "tags": {
              "Name": "learner-web-ui-gateway-blue",
              "elasticbeanstalk:environment-id": "e-59p3bpnwec",
              "elasticbeanstalk:environment-name": "learner-web-ui-gateway-blue"
            },
            "tags_all": {
              "Name": "learner-web-ui-gateway-blue",
              "elasticbeanstalk:environment-id": "e-59p3bpnwec",
              "elasticbeanstalk:environment-name": "learner-web-ui-gateway-blue"
            },
            "target_failover": [
              {
                "on_deregistration": null,
                "on_unhealthy": null
              }
            ],
            "target_type": "instance",
            "vpc_id": "vpc-0bd9acb7990b4154d"
          },
          "sensitive_attributes": []
        }
      ]
    },
    {
      "mode": "managed",
      "type": "aws_lb_target_group",
      "name": "awseb_AWSEB_G1E58SI6K9GH",
      "provider": "provider[\"registry.terraform.io/hashicorp/aws\"]",
      "instances": [
        {
          "schema_version": 0,
          "attributes": {
            "arn": "arn:aws-us-gov:elasticloadbalancing:us-gov-west-1:050779347855:targetgroup/awseb-AWSEB-G1E58SI6K9GH/57dd0460a8d71d56",
            "arn_suffix": "targetgroup/awseb-AWSEB-G1E58SI6K9GH/57dd0460a8d71d56",
            "connection_termination": null,
            "deregistration_delay": "20",
            "health_check": [
              {
                "enabled": true,
                "healthy_threshold": 3,
                "interval": 15,
                "matcher": "200",
                "path": "/infrastructure/health",
                "port": "traffic-port",
                "protocol": "HTTP",
                "timeout": 5,
                "unhealthy_threshold": 5
              }
            ],
            "id": "arn:aws-us-gov:elasticloadbalancing:us-gov-west-1:050779347855:targetgroup/awseb-AWSEB-G1E58SI6K9GH/57dd0460a8d71d56",
            "ip_address_type": "ipv4",
            "lambda_multi_value_headers_enabled": null,
            "load_balancing_algorithm_type": "round_robin",
            "load_balancing_cross_zone_enabled": "use_load_balancer_configuration",
            "name": "awseb-AWSEB-G1E58SI6K9GH",
            "name_prefix": null,
            "port": 80,
            "preserve_client_ip": null,
            "protocol": "HTTP",
            "protocol_version": "HTTP1",
            "proxy_protocol_v2": null,
            "slow_start": 0,
            "stickiness": [
              {
                "cookie_duration": 86400,
                "cookie_name": "",
                "enabled": true,
                "type": "lb_cookie"
              }
            ],
            "tags": {
              "Name": "services-gateway-blue",
              "elasticbeanstalk:environment-id": "e-32xzmdus8p",
              "elasticbeanstalk:environment-name": "services-gateway-blue"
            },
            "tags_all": {
              "Name": "services-gateway-blue",
              "elasticbeanstalk:environment-id": "e-32xzmdus8p",
              "elasticbeanstalk:environment-name": "services-gateway-blue"
            },
            "target_failover": [
              {
                "on_deregistration": null,
                "on_unhealthy": null
              }
            ],
            "target_type": "instance",
            "vpc_id": "vpc-0bd9acb7990b4154d"
          },
          "sensitive_attributes": []
        }
      ]
    },
    {
      "mode": "managed",
      "type": "aws_lb_target_group",
      "name": "awseb_AWSEB_SEX4C054MM4S",
      "provider": "provider[\"registry.terraform.io/hashicorp/aws\"]",
      "instances": [
        {
          "schema_version": 0,
          "attributes": {
            "arn": "arn:aws-us-gov:elasticloadbalancing:us-gov-west-1:050779347855:targetgroup/awseb-AWSEB-SEX4C054MM4S/acbec2c618e473f1",
            "arn_suffix": "targetgroup/awseb-AWSEB-SEX4C054MM4S/acbec2c618e473f1",
            "connection_termination": null,
            "deregistration_delay": "20",
            "health_check": [
              {
                "enabled": true,
                "healthy_threshold": 3,
                "interval": 15,
                "matcher": "200",
                "path": "/infrastructure/health",
                "port": "traffic-port",
                "protocol": "HTTP",
                "timeout": 5,
                "unhealthy_threshold": 5
              }
            ],
            "id": "arn:aws-us-gov:elasticloadbalancing:us-gov-west-1:050779347855:targetgroup/awseb-AWSEB-SEX4C054MM4S/acbec2c618e473f1",
            "ip_address_type": "ipv4",
            "lambda_multi_value_headers_enabled": null,
            "load_balancing_algorithm_type": "round_robin",
            "load_balancing_cross_zone_enabled": "use_load_balancer_configuration",
            "name": "awseb-AWSEB-SEX4C054MM4S",
            "name_prefix": null,
            "port": 80,
            "preserve_client_ip": null,
            "protocol": "HTTP",
            "protocol_version": "HTTP1",
            "proxy_protocol_v2": null,
            "slow_start": 0,
            "stickiness": [
              {
                "cookie_duration": 86400,
                "cookie_name": "",
                "enabled": true,
                "type": "lb_cookie"
              }
            ],
            "tags": {
              "Name": "book-service-green",
              "elasticbeanstalk:environment-id": "e-xmec4epg3c",
              "elasticbeanstalk:environment-name": "book-service-green"
            },
            "tags_all": {
              "Name": "book-service-green",
              "elasticbeanstalk:environment-id": "e-xmec4epg3c",
              "elasticbeanstalk:environment-name": "book-service-green"
            },
            "target_failover": [
              {
                "on_deregistration": null,
                "on_unhealthy": null
              }
            ],
            "target_type": "instance",
            "vpc_id": "vpc-0bd9acb7990b4154d"
          },
          "sensitive_attributes": []
        }
      ]
    },
    {
      "mode": "managed",
      "type": "aws_lb_target_group",
      "name": "awseb_AWSEB_TL79QFVI7V3",
      "provider": "provider[\"registry.terraform.io/hashicorp/aws\"]",
      "instances": [
        {
          "schema_version": 0,
          "attributes": {
            "arn": "arn:aws-us-gov:elasticloadbalancing:us-gov-west-1:050779347855:targetgroup/awseb-AWSEB-TL79QFVI7V3/043977142a0dbf1d",
            "arn_suffix": "targetgroup/awseb-AWSEB-TL79QFVI7V3/043977142a0dbf1d",
            "connection_termination": null,
            "deregistration_delay": "20",
            "health_check": [
              {
                "enabled": true,
                "healthy_threshold": 3,
                "interval": 15,
                "matcher": "200",
                "path": "/infrastructure/health",
                "port": "traffic-port",
                "protocol": "HTTP",
                "timeout": 5,
                "unhealthy_threshold": 5
              }
            ],
            "id": "arn:aws-us-gov:elasticloadbalancing:us-gov-west-1:050779347855:targetgroup/awseb-AWSEB-TL79QFVI7V3/043977142a0dbf1d",
            "ip_address_type": "ipv4",
            "lambda_multi_value_headers_enabled": null,
            "load_balancing_algorithm_type": "round_robin",
            "load_balancing_cross_zone_enabled": "use_load_balancer_configuration",
            "name": "awseb-AWSEB-TL79QFVI7V3",
            "name_prefix": null,
            "port": 80,
            "preserve_client_ip": null,
            "protocol": "HTTP",
            "protocol_version": "HTTP1",
            "proxy_protocol_v2": null,
            "slow_start": 0,
            "stickiness": [
              {
                "cookie_duration": 86400,
                "cookie_name": "",
                "enabled": true,
                "type": "lb_cookie"
              }
            ],
            "tags": {
              "Name": "capillary-web-ui-gateway-green",
              "elasticbeanstalk:environment-id": "e-ipfavj64xz",
              "elasticbeanstalk:environment-name": "capillary-web-ui-gateway-green"
            },
            "tags_all": {
              "Name": "capillary-web-ui-gateway-green",
              "elasticbeanstalk:environment-id": "e-ipfavj64xz",
              "elasticbeanstalk:environment-name": "capillary-web-ui-gateway-green"
            },
            "target_failover": [
              {
                "on_deregistration": null,
                "on_unhealthy": null
              }
            ],
            "target_type": "instance",
            "vpc_id": "vpc-0bd9acb7990b4154d"
          },
          "sensitive_attributes": []
        }
      ]
    },
    {
      "mode": "managed",
      "type": "aws_lb_target_group",
      "name": "awseb_AWSEB_YQXP658RVKNN",
      "provider": "provider[\"registry.terraform.io/hashicorp/aws\"]",
      "instances": [
        {
          "schema_version": 0,
          "attributes": {
            "arn": "arn:aws-us-gov:elasticloadbalancing:us-gov-west-1:050779347855:targetgroup/awseb-AWSEB-YQXP658RVKNN/71cd584aa7eea690",
            "arn_suffix": "targetgroup/awseb-AWSEB-YQXP658RVKNN/71cd584aa7eea690",
            "connection_termination": null,
            "deregistration_delay": "20",
            "health_check": [
              {
                "enabled": true,
                "healthy_threshold": 3,
                "interval": 15,
                "matcher": "200",
                "path": "/infrastructure/health",
                "port": "traffic-port",
                "protocol": "HTTP",
                "timeout": 5,
                "unhealthy_threshold": 5
              }
            ],
            "id": "arn:aws-us-gov:elasticloadbalancing:us-gov-west-1:050779347855:targetgroup/awseb-AWSEB-YQXP658RVKNN/71cd584aa7eea690",
            "ip_address_type": "ipv4",
            "lambda_multi_value_headers_enabled": null,
            "load_balancing_algorithm_type": "round_robin",
            "load_balancing_cross_zone_enabled": "use_load_balancer_configuration",
            "name": "awseb-AWSEB-YQXP658RVKNN",
            "name_prefix": null,
            "port": 80,
            "preserve_client_ip": null,
            "protocol": "HTTP",
            "protocol_version": "HTTP1",
            "proxy_protocol_v2": null,
            "slow_start": 0,
            "stickiness": [
              {
                "cookie_duration": 86400,
                "cookie_name": "",
                "enabled": true,
                "type": "lb_cookie"
              }
            ],
            "tags": {
              "Name": "book-service-blue",
              "elasticbeanstalk:environment-id": "e-fmzgrfkcqp",
              "elasticbeanstalk:environment-name": "book-service-blue"
            },
            "tags_all": {
              "Name": "book-service-blue",
              "elasticbeanstalk:environment-id": "e-fmzgrfkcqp",
              "elasticbeanstalk:environment-name": "book-service-blue"
            },
            "target_failover": [
              {
                "on_deregistration": null,
                "on_unhealthy": null
              }
            ],
            "target_type": "instance",
            "vpc_id": "vpc-0bd9acb7990b4154d"
          },
          "sensitive_attributes": []
        }
      ]
    },
    {
      "mode": "managed",
      "type": "aws_lb_target_group",
      "name": "awseb_https_13BRWX43RBRKL",
      "provider": "provider[\"registry.terraform.io/hashicorp/aws\"]",
      "instances": [
        {
          "schema_version": 0,
          "attributes": {
            "arn": "arn:aws-us-gov:elasticloadbalancing:us-gov-west-1:050779347855:targetgroup/awseb-https-13BRWX43RBRKL/9afaf32c8e7dde20",
            "arn_suffix": "targetgroup/awseb-https-13BRWX43RBRKL/9afaf32c8e7dde20",
            "connection_termination": null,
            "deregistration_delay": "20",
            "health_check": [
              {
                "enabled": true,
                "healthy_threshold": 3,
                "interval": 15,
                "matcher": "200",
                "path": "/infrastructure/health",
                "port": "traffic-port",
                "protocol": "HTTPS",
                "timeout": 5,
                "unhealthy_threshold": 5
              }
            ],
            "id": "arn:aws-us-gov:elasticloadbalancing:us-gov-west-1:050779347855:targetgroup/awseb-https-13BRWX43RBRKL/9afaf32c8e7dde20",
            "ip_address_type": "ipv4",
            "lambda_multi_value_headers_enabled": null,
            "load_balancing_algorithm_type": "round_robin",
            "load_balancing_cross_zone_enabled": "use_load_balancer_configuration",
            "name": "awseb-https-13BRWX43RBRKL",
            "name_prefix": null,
            "port": 443,
            "preserve_client_ip": null,
            "protocol": "HTTPS",
            "protocol_version": "HTTP1",
            "proxy_protocol_v2": null,
            "slow_start": 0,
            "stickiness": [
              {
                "cookie_duration": 86400,
                "cookie_name": "",
                "enabled": true,
                "type": "lb_cookie"
              }
            ],
            "tags": {
              "Name": "internal-services-gateway-green",
              "elasticbeanstalk:environment-id": "e-yd9s5vvfgp",
              "elasticbeanstalk:environment-name": "internal-services-gateway-green"
            },
            "tags_all": {
              "Name": "internal-services-gateway-green",
              "elasticbeanstalk:environment-id": "e-yd9s5vvfgp",
              "elasticbeanstalk:environment-name": "internal-services-gateway-green"
            },
            "target_failover": [
              {
                "on_deregistration": null,
                "on_unhealthy": null
              }
            ],
            "target_type": "instance",
            "vpc_id": "vpc-0bd9acb7990b4154d"
          },
          "sensitive_attributes": []
        }
      ]
    },
    {
      "mode": "managed",
      "type": "aws_lb_target_group",
      "name": "awseb_https_1ITBSVWM72LY7",
      "provider": "provider[\"registry.terraform.io/hashicorp/aws\"]",
      "instances": [
        {
          "schema_version": 0,
          "attributes": {
            "arn": "arn:aws-us-gov:elasticloadbalancing:us-gov-west-1:050779347855:targetgroup/awseb-https-1ITBSVWM72LY7/4d250918fe6c03ff",
            "arn_suffix": "targetgroup/awseb-https-1ITBSVWM72LY7/4d250918fe6c03ff",
            "connection_termination": null,
            "deregistration_delay": "20",
            "health_check": [
              {
                "enabled": true,
                "healthy_threshold": 3,
                "interval": 15,
                "matcher": "200",
                "path": "/infrastructure/health",
                "port": "traffic-port",
                "protocol": "HTTPS",
                "timeout": 5,
                "unhealthy_threshold": 5
              }
            ],
            "id": "arn:aws-us-gov:elasticloadbalancing:us-gov-west-1:050779347855:targetgroup/awseb-https-1ITBSVWM72LY7/4d250918fe6c03ff",
            "ip_address_type": "ipv4",
            "lambda_multi_value_headers_enabled": null,
            "load_balancing_algorithm_type": "round_robin",
            "load_balancing_cross_zone_enabled": "use_load_balancer_configuration",
            "name": "awseb-https-1ITBSVWM72LY7",
            "name_prefix": null,
            "port": 443,
            "preserve_client_ip": null,
            "protocol": "HTTPS",
            "protocol_version": "HTTP1",
            "proxy_protocol_v2": null,
            "slow_start": 0,
            "stickiness": [
              {
                "cookie_duration": 86400,
                "cookie_name": "",
                "enabled": true,
                "type": "lb_cookie"
              }
            ],
            "tags": {
              "Name": "book-service-blue",
              "elasticbeanstalk:environment-id": "e-fmzgrfkcqp",
              "elasticbeanstalk:environment-name": "book-service-blue"
            },
            "tags_all": {
              "Name": "book-service-blue",
              "elasticbeanstalk:environment-id": "e-fmzgrfkcqp",
              "elasticbeanstalk:environment-name": "book-service-blue"
            },
            "target_failover": [
              {
                "on_deregistration": null,
                "on_unhealthy": null
              }
            ],
            "target_type": "instance",
            "vpc_id": "vpc-0bd9acb7990b4154d"
          },
          "sensitive_attributes": []
        }
      ]
    },
    {
      "mode": "managed",
      "type": "aws_lb_target_group",
      "name": "awseb_https_1NPG7X2RFJRCW",
      "provider": "provider[\"registry.terraform.io/hashicorp/aws\"]",
      "instances": [
        {
          "schema_version": 0,
          "attributes": {
            "arn": "arn:aws-us-gov:elasticloadbalancing:us-gov-west-1:050779347855:targetgroup/awseb-https-1NPG7X2RFJRCW/5947b105fe89ccde",
            "arn_suffix": "targetgroup/awseb-https-1NPG7X2RFJRCW/5947b105fe89ccde",
            "connection_termination": null,
            "deregistration_delay": "20",
            "health_check": [
              {
                "enabled": true,
                "healthy_threshold": 3,
                "interval": 15,
                "matcher": "200",
                "path": "/infrastructure/health",
                "port": "traffic-port",
                "protocol": "HTTPS",
                "timeout": 5,
                "unhealthy_threshold": 5
              }
            ],
            "id": "arn:aws-us-gov:elasticloadbalancing:us-gov-west-1:050779347855:targetgroup/awseb-https-1NPG7X2RFJRCW/5947b105fe89ccde",
            "ip_address_type": "ipv4",
            "lambda_multi_value_headers_enabled": null,
            "load_balancing_algorithm_type": "round_robin",
            "load_balancing_cross_zone_enabled": "use_load_balancer_configuration",
            "name": "awseb-https-1NPG7X2RFJRCW",
            "name_prefix": null,
            "port": 443,
            "preserve_client_ip": null,
            "protocol": "HTTPS",
            "protocol_version": "HTTP1",
            "proxy_protocol_v2": null,
            "slow_start": 0,
            "stickiness": [
              {
                "cookie_duration": 86400,
                "cookie_name": "",
                "enabled": true,
                "type": "lb_cookie"
              }
            ],
            "tags": {
              "Name": "capillary-web-ui-gateway-blue",
              "elasticbeanstalk:environment-id": "e-bner7vhrif",
              "elasticbeanstalk:environment-name": "capillary-web-ui-gateway-blue"
            },
            "tags_all": {
              "Name": "capillary-web-ui-gateway-blue",
              "elasticbeanstalk:environment-id": "e-bner7vhrif",
              "elasticbeanstalk:environment-name": "capillary-web-ui-gateway-blue"
            },
            "target_failover": [
              {
                "on_deregistration": null,
                "on_unhealthy": null
              }
            ],
            "target_type": "instance",
            "vpc_id": "vpc-0bd9acb7990b4154d"
          },
          "sensitive_attributes": []
        }
      ]
    },
    {
      "mode": "managed",
      "type": "aws_lb_target_group",
      "name": "awseb_https_1T75SCD09HAAM",
      "provider": "provider[\"registry.terraform.io/hashicorp/aws\"]",
      "instances": [
        {
          "schema_version": 0,
          "attributes": {
            "arn": "arn:aws-us-gov:elasticloadbalancing:us-gov-west-1:050779347855:targetgroup/awseb-https-1T75SCD09HAAM/7147a3a89ea4829a",
            "arn_suffix": "targetgroup/awseb-https-1T75SCD09HAAM/7147a3a89ea4829a",
            "connection_termination": null,
            "deregistration_delay": "20",
            "health_check": [
              {
                "enabled": true,
                "healthy_threshold": 3,
                "interval": 15,
                "matcher": "200",
                "path": "/infrastructure/health",
                "port": "traffic-port",
                "protocol": "HTTPS",
                "timeout": 5,
                "unhealthy_threshold": 5
              }
            ],
            "id": "arn:aws-us-gov:elasticloadbalancing:us-gov-west-1:050779347855:targetgroup/awseb-https-1T75SCD09HAAM/7147a3a89ea4829a",
            "ip_address_type": "ipv4",
            "lambda_multi_value_headers_enabled": null,
            "load_balancing_algorithm_type": "round_robin",
            "load_balancing_cross_zone_enabled": "use_load_balancer_configuration",
            "name": "awseb-https-1T75SCD09HAAM",
            "name_prefix": null,
            "port": 443,
            "preserve_client_ip": null,
            "protocol": "HTTPS",
            "protocol_version": "HTTP1",
            "proxy_protocol_v2": null,
            "slow_start": 0,
            "stickiness": [
              {
                "cookie_duration": 86400,
                "cookie_name": "",
                "enabled": true,
                "type": "lb_cookie"
              }
            ],
            "tags": {
              "Name": "services-gateway-blue",
              "elasticbeanstalk:environment-id": "e-32xzmdus8p",
              "elasticbeanstalk:environment-name": "services-gateway-blue"
            },
            "tags_all": {
              "Name": "services-gateway-blue",
              "elasticbeanstalk:environment-id": "e-32xzmdus8p",
              "elasticbeanstalk:environment-name": "services-gateway-blue"
            },
            "target_failover": [
              {
                "on_deregistration": null,
                "on_unhealthy": null
              }
            ],
            "target_type": "instance",
            "vpc_id": "vpc-0bd9acb7990b4154d"
          },
          "sensitive_attributes": []
        }
      ]
    },
    {
      "mode": "managed",
      "type": "aws_lb_target_group",
      "name": "awseb_https_95M35U10HKO6",
      "provider": "provider[\"registry.terraform.io/hashicorp/aws\"]",
      "instances": [
        {
          "schema_version": 0,
          "attributes": {
            "arn": "arn:aws-us-gov:elasticloadbalancing:us-gov-west-1:050779347855:targetgroup/awseb-https-95M35U10HKO6/986ad47b9aaa35a5",
            "arn_suffix": "targetgroup/awseb-https-95M35U10HKO6/986ad47b9aaa35a5",
            "connection_termination": null,
            "deregistration_delay": "20",
            "health_check": [
              {
                "enabled": true,
                "healthy_threshold": 3,
                "interval": 15,
                "matcher": "200",
                "path": "/infrastructure/health",
                "port": "traffic-port",
                "protocol": "HTTPS",
                "timeout": 5,
                "unhealthy_threshold": 5
              }
            ],
            "id": "arn:aws-us-gov:elasticloadbalancing:us-gov-west-1:050779347855:targetgroup/awseb-https-95M35U10HKO6/986ad47b9aaa35a5",
            "ip_address_type": "ipv4",
            "lambda_multi_value_headers_enabled": null,
            "load_balancing_algorithm_type": "round_robin",
            "load_balancing_cross_zone_enabled": "use_load_balancer_configuration",
            "name": "awseb-https-95M35U10HKO6",
            "name_prefix": null,
            "port": 443,
            "preserve_client_ip": null,
            "protocol": "HTTPS",
            "protocol_version": "HTTP1",
            "proxy_protocol_v2": null,
            "slow_start": 0,
            "stickiness": [
              {
                "cookie_duration": 86400,
                "cookie_name": "",
                "enabled": true,
                "type": "lb_cookie"
              }
            ],
            "tags": {
              "Name": "learner-web-ui-gateway-green",
              "elasticbeanstalk:environment-id": "e-rwv222b3qp",
              "elasticbeanstalk:environment-name": "learner-web-ui-gateway-green"
            },
            "tags_all": {
              "Name": "learner-web-ui-gateway-green",
              "elasticbeanstalk:environment-id": "e-rwv222b3qp",
              "elasticbeanstalk:environment-name": "learner-web-ui-gateway-green"
            },
            "target_failover": [
              {
                "on_deregistration": null,
                "on_unhealthy": null
              }
            ],
            "target_type": "instance",
            "vpc_id": "vpc-0bd9acb7990b4154d"
          },
          "sensitive_attributes": []
        }
      ]
    },
    {
      "mode": "managed",
      "type": "aws_lb_target_group",
      "name": "awseb_https_ABQH2Z86TMP8",
      "provider": "provider[\"registry.terraform.io/hashicorp/aws\"]",
      "instances": [
        {
          "schema_version": 0,
          "attributes": {
            "arn": "arn:aws-us-gov:elasticloadbalancing:us-gov-west-1:050779347855:targetgroup/awseb-https-ABQH2Z86TMP8/483f042e79cc7972",
            "arn_suffix": "targetgroup/awseb-https-ABQH2Z86TMP8/483f042e79cc7972",
            "connection_termination": null,
            "deregistration_delay": "20",
            "health_check": [
              {
                "enabled": true,
                "healthy_threshold": 3,
                "interval": 15,
                "matcher": "200",
                "path": "/infrastructure/health",
                "port": "traffic-port",
                "protocol": "HTTPS",
                "timeout": 5,
                "unhealthy_threshold": 5
              }
            ],
            "id": "arn:aws-us-gov:elasticloadbalancing:us-gov-west-1:050779347855:targetgroup/awseb-https-ABQH2Z86TMP8/483f042e79cc7972",
            "ip_address_type": "ipv4",
            "lambda_multi_value_headers_enabled": null,
            "load_balancing_algorithm_type": "round_robin",
            "load_balancing_cross_zone_enabled": "use_load_balancer_configuration",
            "name": "awseb-https-ABQH2Z86TMP8",
            "name_prefix": null,
            "port": 443,
            "preserve_client_ip": null,
            "protocol": "HTTPS",
            "protocol_version": "HTTP1",
            "proxy_protocol_v2": null,
            "slow_start": 0,
            "stickiness": [
              {
                "cookie_duration": 86400,
                "cookie_name": "",
                "enabled": true,
                "type": "lb_cookie"
              }
            ],
            "tags": {
              "Name": "identity-service-blue",
              "elasticbeanstalk:environment-id": "e-udanqbam3f",
              "elasticbeanstalk:environment-name": "identity-service-blue"
            },
            "tags_all": {
              "Name": "identity-service-blue",
              "elasticbeanstalk:environment-id": "e-udanqbam3f",
              "elasticbeanstalk:environment-name": "identity-service-blue"
            },
            "target_failover": [
              {
                "on_deregistration": null,
                "on_unhealthy": null
              }
            ],
            "target_type": "instance",
            "vpc_id": "vpc-0bd9acb7990b4154d"
          },
          "sensitive_attributes": []
        }
      ]
    },
    {
      "mode": "managed",
      "type": "aws_lb_target_group",
      "name": "awseb_https_AUSQVE5FNNDF",
      "provider": "provider[\"registry.terraform.io/hashicorp/aws\"]",
      "instances": [
        {
          "schema_version": 0,
          "attributes": {
            "arn": "arn:aws-us-gov:elasticloadbalancing:us-gov-west-1:050779347855:targetgroup/awseb-https-AUSQVE5FNNDF/c017fe1764b96b03",
            "arn_suffix": "targetgroup/awseb-https-AUSQVE5FNNDF/c017fe1764b96b03",
            "connection_termination": null,
            "deregistration_delay": "20",
            "health_check": [
              {
                "enabled": true,
                "healthy_threshold": 3,
                "interval": 15,
                "matcher": "200",
                "path": "/infrastructure/health",
                "port": "traffic-port",
                "protocol": "HTTPS",
                "timeout": 5,
                "unhealthy_threshold": 5
              }
            ],
            "id": "arn:aws-us-gov:elasticloadbalancing:us-gov-west-1:050779347855:targetgroup/awseb-https-AUSQVE5FNNDF/c017fe1764b96b03",
            "ip_address_type": "ipv4",
            "lambda_multi_value_headers_enabled": null,
            "load_balancing_algorithm_type": "round_robin",
            "load_balancing_cross_zone_enabled": "use_load_balancer_configuration",
            "name": "awseb-https-AUSQVE5FNNDF",
            "name_prefix": null,
            "port": 443,
            "preserve_client_ip": null,
            "protocol": "HTTPS",
            "protocol_version": "HTTP1",
            "proxy_protocol_v2": null,
            "slow_start": 0,
            "stickiness": [
              {
                "cookie_duration": 86400,
                "cookie_name": "",
                "enabled": true,
                "type": "lb_cookie"
              }
            ],
            "tags": {
              "Name": "dbt-clinician-web-green",
              "elasticbeanstalk:environment-id": "e-jgrjparfpf",
              "elasticbeanstalk:environment-name": "dbt-clinician-web-green"
            },
            "tags_all": {
              "Name": "dbt-clinician-web-green",
              "elasticbeanstalk:environment-id": "e-jgrjparfpf",
              "elasticbeanstalk:environment-name": "dbt-clinician-web-green"
            },
            "target_failover": [
              {
                "on_deregistration": null,
                "on_unhealthy": null
              }
            ],
            "target_type": "instance",
            "vpc_id": "vpc-0bd9acb7990b4154d"
          },
          "sensitive_attributes": []
        }
      ]
    },
    {
      "mode": "managed",
      "type": "aws_lb_target_group",
      "name": "awseb_https_BA13PDTGN3G",
      "provider": "provider[\"registry.terraform.io/hashicorp/aws\"]",
      "instances": [
        {
          "schema_version": 0,
          "attributes": {
            "arn": "arn:aws-us-gov:elasticloadbalancing:us-gov-west-1:050779347855:targetgroup/awseb-https-BA13PDTGN3G/1edd65d8ab56e5dc",
            "arn_suffix": "targetgroup/awseb-https-BA13PDTGN3G/1edd65d8ab56e5dc",
            "connection_termination": null,
            "deregistration_delay": "20",
            "health_check": [
              {
                "enabled": true,
                "healthy_threshold": 3,
                "interval": 15,
                "matcher": "200",
                "path": "/infrastructure/health",
                "port": "traffic-port",
                "protocol": "HTTPS",
                "timeout": 5,
                "unhealthy_threshold": 5
              }
            ],
            "id": "arn:aws-us-gov:elasticloadbalancing:us-gov-west-1:050779347855:targetgroup/awseb-https-BA13PDTGN3G/1edd65d8ab56e5dc",
            "ip_address_type": "ipv4",
            "lambda_multi_value_headers_enabled": null,
            "load_balancing_algorithm_type": "round_robin",
            "load_balancing_cross_zone_enabled": "use_load_balancer_configuration",
            "name": "awseb-https-BA13PDTGN3G",
            "name_prefix": null,
            "port": 443,
            "preserve_client_ip": null,
            "protocol": "HTTPS",
            "protocol_version": "HTTP1",
            "proxy_protocol_v2": null,
            "slow_start": 0,
            "stickiness": [
              {
                "cookie_duration": 86400,
                "cookie_name": "",
                "enabled": true,
                "type": "lb_cookie"
              }
            ],
            "tags": {
              "Name": "mobile-client-gateway-blue",
              "elasticbeanstalk:environment-id": "e-pcw37ypdme",
              "elasticbeanstalk:environment-name": "mobile-client-gateway-blue"
            },
            "tags_all": {
              "Name": "mobile-client-gateway-blue",
              "elasticbeanstalk:environment-id": "e-pcw37ypdme",
              "elasticbeanstalk:environment-name": "mobile-client-gateway-blue"
            },
            "target_failover": [
              {
                "on_deregistration": null,
                "on_unhealthy": null
              }
            ],
            "target_type": "instance",
            "vpc_id": "vpc-0bd9acb7990b4154d"
          },
          "sensitive_attributes": []
        }
      ]
    },
    {
      "mode": "managed",
      "type": "aws_lb_target_group",
      "name": "awseb_https_FWBN6663VT5N",
      "provider": "provider[\"registry.terraform.io/hashicorp/aws\"]",
      "instances": [
        {
          "schema_version": 0,
          "attributes": {
            "arn": "arn:aws-us-gov:elasticloadbalancing:us-gov-west-1:050779347855:targetgroup/awseb-https-FWBN6663VT5N/060e7dbf6250d62e",
            "arn_suffix": "targetgroup/awseb-https-FWBN6663VT5N/060e7dbf6250d62e",
            "connection_termination": null,
            "deregistration_delay": "20",
            "health_check": [
              {
                "enabled": true,
                "healthy_threshold": 3,
                "interval": 15,
                "matcher": "200",
                "path": "/infrastructure/health",
                "port": "traffic-port",
                "protocol": "HTTPS",
                "timeout": 5,
                "unhealthy_threshold": 5
              }
            ],
            "id": "arn:aws-us-gov:elasticloadbalancing:us-gov-west-1:050779347855:targetgroup/awseb-https-FWBN6663VT5N/060e7dbf6250d62e",
            "ip_address_type": "ipv4",
            "lambda_multi_value_headers_enabled": null,
            "load_balancing_algorithm_type": "round_robin",
            "load_balancing_cross_zone_enabled": "use_load_balancer_configuration",
            "name": "awseb-https-FWBN6663VT5N",
            "name_prefix": null,
            "port": 443,
            "preserve_client_ip": null,
            "protocol": "HTTPS",
            "protocol_version": "HTTP1",
            "proxy_protocol_v2": null,
            "slow_start": 0,
            "stickiness": [
              {
                "cookie_duration": 86400,
                "cookie_name": "",
                "enabled": true,
                "type": "lb_cookie"
              }
            ],
            "tags": {
              "Name": "capillary-web-ui-gateway-green",
              "elasticbeanstalk:environment-id": "e-ipfavj64xz",
              "elasticbeanstalk:environment-name": "capillary-web-ui-gateway-green"
            },
            "tags_all": {
              "Name": "capillary-web-ui-gateway-green",
              "elasticbeanstalk:environment-id": "e-ipfavj64xz",
              "elasticbeanstalk:environment-name": "capillary-web-ui-gateway-green"
            },
            "target_failover": [
              {
                "on_deregistration": null,
                "on_unhealthy": null
              }
            ],
            "target_type": "instance",
            "vpc_id": "vpc-0bd9acb7990b4154d"
          },
          "sensitive_attributes": []
        }
      ]
    },
    {
      "mode": "managed",
      "type": "aws_lb_target_group",
      "name": "awseb_https_JJG3XZEW6RBE",
      "provider": "provider[\"registry.terraform.io/hashicorp/aws\"]",
      "instances": [
        {
          "schema_version": 0,
          "attributes": {
            "arn": "arn:aws-us-gov:elasticloadbalancing:us-gov-west-1:050779347855:targetgroup/awseb-https-JJG3XZEW6RBE/338ad25d27256cd4",
            "arn_suffix": "targetgroup/awseb-https-JJG3XZEW6RBE/338ad25d27256cd4",
            "connection_termination": null,
            "deregistration_delay": "20",
            "health_check": [
              {
                "enabled": true,
                "healthy_threshold": 3,
                "interval": 15,
                "matcher": "200",
                "path": "/infrastructure/health",
                "port": "traffic-port",
                "protocol": "HTTPS",
                "timeout": 5,
                "unhealthy_threshold": 5
              }
            ],
            "id": "arn:aws-us-gov:elasticloadbalancing:us-gov-west-1:050779347855:targetgroup/awseb-https-JJG3XZEW6RBE/338ad25d27256cd4",
            "ip_address_type": "ipv4",
            "lambda_multi_value_headers_enabled": null,
            "load_balancing_algorithm_type": "round_robin",
            "load_balancing_cross_zone_enabled": "use_load_balancer_configuration",
            "name": "awseb-https-JJG3XZEW6RBE",
            "name_prefix": null,
            "port": 443,
            "preserve_client_ip": null,
            "protocol": "HTTPS",
            "protocol_version": "HTTP1",
            "proxy_protocol_v2": null,
            "slow_start": 0,
            "stickiness": [
              {
                "cookie_duration": 86400,
                "cookie_name": "",
                "enabled": true,
                "type": "lb_cookie"
              }
            ],
            "tags": {
              "Name": "book-service-green",
              "elasticbeanstalk:environment-id": "e-xmec4epg3c",
              "elasticbeanstalk:environment-name": "book-service-green"
            },
            "tags_all": {
              "Name": "book-service-green",
              "elasticbeanstalk:environment-id": "e-xmec4epg3c",
              "elasticbeanstalk:environment-name": "book-service-green"
            },
            "target_failover": [
              {
                "on_deregistration": null,
                "on_unhealthy": null
              }
            ],
            "target_type": "instance",
            "vpc_id": "vpc-0bd9acb7990b4154d"
          },
          "sensitive_attributes": []
        }
      ]
    },
    {
      "mode": "managed",
      "type": "aws_lb_target_group",
      "name": "awseb_https_JRUKW21HVQNJ",
      "provider": "provider[\"registry.terraform.io/hashicorp/aws\"]",
      "instances": [
        {
          "schema_version": 0,
          "attributes": {
            "arn": "arn:aws-us-gov:elasticloadbalancing:us-gov-west-1:050779347855:targetgroup/awseb-https-JRUKW21HVQNJ/6d4c136043ff5bab",
            "arn_suffix": "targetgroup/awseb-https-JRUKW21HVQNJ/6d4c136043ff5bab",
            "connection_termination": null,
            "deregistration_delay": "20",
            "health_check": [
              {
                "enabled": true,
                "healthy_threshold": 3,
                "interval": 15,
                "matcher": "200",
                "path": "/infrastructure/health",
                "port": "traffic-port",
                "protocol": "HTTPS",
                "timeout": 5,
                "unhealthy_threshold": 5
              }
            ],
            "id": "arn:aws-us-gov:elasticloadbalancing:us-gov-west-1:050779347855:targetgroup/awseb-https-JRUKW21HVQNJ/6d4c136043ff5bab",
            "ip_address_type": "ipv4",
            "lambda_multi_value_headers_enabled": null,
            "load_balancing_algorithm_type": "round_robin",
            "load_balancing_cross_zone_enabled": "use_load_balancer_configuration",
            "name": "awseb-https-JRUKW21HVQNJ",
            "name_prefix": null,
            "port": 443,
            "preserve_client_ip": null,
            "protocol": "HTTPS",
            "protocol_version": "HTTP1",
            "proxy_protocol_v2": null,
            "slow_start": 0,
            "stickiness": [
              {
                "cookie_duration": 86400,
                "cookie_name": "",
                "enabled": true,
                "type": "lb_cookie"
              }
            ],
            "tags": {
              "Name": "learner-web-ui-gateway-blue",
              "elasticbeanstalk:environment-id": "e-59p3bpnwec",
              "elasticbeanstalk:environment-name": "learner-web-ui-gateway-blue"
            },
            "tags_all": {
              "Name": "learner-web-ui-gateway-blue",
              "elasticbeanstalk:environment-id": "e-59p3bpnwec",
              "elasticbeanstalk:environment-name": "learner-web-ui-gateway-blue"
            },
            "target_failover": [
              {
                "on_deregistration": null,
                "on_unhealthy": null
              }
            ],
            "target_type": "instance",
            "vpc_id": "vpc-0bd9acb7990b4154d"
          },
          "sensitive_attributes": []
        }
      ]
    },
    {
      "mode": "managed",
      "type": "aws_lb_target_group",
      "name": "awseb_https_KDPXFWOISYA9",
      "provider": "provider[\"registry.terraform.io/hashicorp/aws\"]",
      "instances": [
        {
          "schema_version": 0,
          "attributes": {
            "arn": "arn:aws-us-gov:elasticloadbalancing:us-gov-west-1:050779347855:targetgroup/awseb-https-KDPXFWOISYA9/d1ed4548e1b5af37",
            "arn_suffix": "targetgroup/awseb-https-KDPXFWOISYA9/d1ed4548e1b5af37",
            "connection_termination": null,
            "deregistration_delay": "20",
            "health_check": [
              {
                "enabled": true,
                "healthy_threshold": 3,
                "interval": 15,
                "matcher": "200",
                "path": "/infrastructure/health",
                "port": "traffic-port",
                "protocol": "HTTPS",
                "timeout": 5,
                "unhealthy_threshold": 5
              }
            ],
            "id": "arn:aws-us-gov:elasticloadbalancing:us-gov-west-1:050779347855:targetgroup/awseb-https-KDPXFWOISYA9/d1ed4548e1b5af37",
            "ip_address_type": "ipv4",
            "lambda_multi_value_headers_enabled": null,
            "load_balancing_algorithm_type": "round_robin",
            "load_balancing_cross_zone_enabled": "use_load_balancer_configuration",
            "name": "awseb-https-KDPXFWOISYA9",
            "name_prefix": null,
            "port": 443,
            "preserve_client_ip": null,
            "protocol": "HTTPS",
            "protocol_version": "HTTP1",
            "proxy_protocol_v2": null,
            "slow_start": 0,
            "stickiness": [
              {
                "cookie_duration": 86400,
                "cookie_name": "",
                "enabled": true,
                "type": "lb_cookie"
              }
            ],
            "tags": {
              "Name": "form-service-blue",
              "elasticbeanstalk:environment-id": "e-bmqqxwyjst",
              "elasticbeanstalk:environment-name": "form-service-blue"
            },
            "tags_all": {
              "Name": "form-service-blue",
              "elasticbeanstalk:environment-id": "e-bmqqxwyjst",
              "elasticbeanstalk:environment-name": "form-service-blue"
            },
            "target_failover": [
              {
                "on_deregistration": null,
                "on_unhealthy": null
              }
            ],
            "target_type": "instance",
            "vpc_id": "vpc-0bd9acb7990b4154d"
          },
          "sensitive_attributes": []
        }
      ]
    },
    {
      "mode": "managed",
      "type": "aws_lb_target_group",
      "name": "awseb_https_WOEYX76SD8A1",
      "provider": "provider[\"registry.terraform.io/hashicorp/aws\"]",
      "instances": [
        {
          "schema_version": 0,
          "attributes": {
            "arn": "arn:aws-us-gov:elasticloadbalancing:us-gov-west-1:050779347855:targetgroup/awseb-https-WOEYX76SD8A1/b65166bdc08fafbd",
            "arn_suffix": "targetgroup/awseb-https-WOEYX76SD8A1/b65166bdc08fafbd",
            "connection_termination": null,
            "deregistration_delay": "20",
            "health_check": [
              {
                "enabled": true,
                "healthy_threshold": 3,
                "interval": 15,
                "matcher": "200",
                "path": "/infrastructure/health",
                "port": "traffic-port",
                "protocol": "HTTPS",
                "timeout": 5,
                "unhealthy_threshold": 5
              }
            ],
            "id": "arn:aws-us-gov:elasticloadbalancing:us-gov-west-1:050779347855:targetgroup/awseb-https-WOEYX76SD8A1/b65166bdc08fafbd",
            "ip_address_type": "ipv4",
            "lambda_multi_value_headers_enabled": null,
            "load_balancing_algorithm_type": "round_robin",
            "load_balancing_cross_zone_enabled": "use_load_balancer_configuration",
            "name": "awseb-https-WOEYX76SD8A1",
            "name_prefix": null,
            "port": 443,
            "preserve_client_ip": null,
            "protocol": "HTTPS",
            "protocol_version": "HTTP1",
            "proxy_protocol_v2": null,
            "slow_start": 0,
            "stickiness": [
              {
                "cookie_duration": 86400,
                "cookie_name": "",
                "enabled": true,
                "type": "lb_cookie"
              }
            ],
            "tags": {
              "Name": "collaboration-person-blue",
              "elasticbeanstalk:environment-id": "e-3evreti3za",
              "elasticbeanstalk:environment-name": "collaboration-person-blue"
            },
            "tags_all": {
              "Name": "collaboration-person-blue",
              "elasticbeanstalk:environment-id": "e-3evreti3za",
              "elasticbeanstalk:environment-name": "collaboration-person-blue"
            },
            "target_failover": [
              {
                "on_deregistration": null,
                "on_unhealthy": null
              }
            ],
            "target_type": "instance",
            "vpc_id": "vpc-0bd9acb7990b4154d"
          },
          "sensitive_attributes": []
        }
      ]
    },
    {
      "mode": "managed",
      "type": "aws_lb_target_group",
      "name": "awseb_https_Y2DPEDQN6QH6",
      "provider": "provider[\"registry.terraform.io/hashicorp/aws\"]",
      "instances": [
        {
          "schema_version": 0,
          "attributes": {
            "arn": "arn:aws-us-gov:elasticloadbalancing:us-gov-west-1:050779347855:targetgroup/awseb-https-Y2DPEDQN6QH6/07bea956e74e1c38",
            "arn_suffix": "targetgroup/awseb-https-Y2DPEDQN6QH6/07bea956e74e1c38",
            "connection_termination": null,
            "deregistration_delay": "20",
            "health_check": [
              {
                "enabled": true,
                "healthy_threshold": 3,
                "interval": 15,
                "matcher": "200",
                "path": "/infrastructure/health",
                "port": "traffic-port",
                "protocol": "HTTPS",
                "timeout": 5,
                "unhealthy_threshold": 5
              }
            ],
            "id": "arn:aws-us-gov:elasticloadbalancing:us-gov-west-1:050779347855:targetgroup/awseb-https-Y2DPEDQN6QH6/07bea956e74e1c38",
            "ip_address_type": "ipv4",
            "lambda_multi_value_headers_enabled": null,
            "load_balancing_algorithm_type": "round_robin",
            "load_balancing_cross_zone_enabled": "use_load_balancer_configuration",
            "name": "awseb-https-Y2DPEDQN6QH6",
            "name_prefix": null,
            "port": 443,
            "preserve_client_ip": null,
            "protocol": "HTTPS",
            "protocol_version": "HTTP1",
            "proxy_protocol_v2": null,
            "slow_start": 0,
            "stickiness": [
              {
                "cookie_duration": 86400,
                "cookie_name": "",
                "enabled": true,
                "type": "lb_cookie"
              }
            ],
            "tags": {
              "Name": "market-service-green",
              "elasticbeanstalk:environment-id": "e-jhagz8maay",
              "elasticbeanstalk:environment-name": "market-service-green"
            },
            "tags_all": {
              "Name": "market-service-green",
              "elasticbeanstalk:environment-id": "e-jhagz8maay",
              "elasticbeanstalk:environment-name": "market-service-green"
            },
            "target_failover": [
              {
                "on_deregistration": null,
                "on_unhealthy": null
              }
            ],
            "target_type": "instance",
            "vpc_id": "vpc-0bd9acb7990b4154d"
          },
          "sensitive_attributes": []
        }
      ]
    },
    {
      "mode": "managed",
      "type": "aws_lb_target_group",
      "name": "ecs_default_eureka_discovery",
      "provider": "provider[\"registry.terraform.io/hashicorp/aws\"]",
      "instances": [
        {
          "schema_version": 0,
          "attributes": {
            "arn": "arn:aws-us-gov:elasticloadbalancing:us-gov-west-1:050779347855:targetgroup/ecs-default-eureka-discovery/1f071fb877be1796",
            "arn_suffix": "targetgroup/ecs-default-eureka-discovery/1f071fb877be1796",
            "connection_termination": null,
            "deregistration_delay": "300",
            "health_check": [
              {
                "enabled": true,
                "healthy_threshold": 5,
                "interval": 30,
                "matcher": "200",
                "path": "/infrastructure/health",
                "port": "traffic-port",
                "protocol": "HTTPS",
                "timeout": 5,
                "unhealthy_threshold": 2
              }
            ],
            "id": "arn:aws-us-gov:elasticloadbalancing:us-gov-west-1:050779347855:targetgroup/ecs-default-eureka-discovery/1f071fb877be1796",
            "ip_address_type": "ipv4",
            "lambda_multi_value_headers_enabled": null,
            "load_balancing_algorithm_type": "round_robin",
            "load_balancing_cross_zone_enabled": "use_load_balancer_configuration",
            "name": "ecs-default-eureka-discovery",
            "name_prefix": null,
            "port": 443,
            "preserve_client_ip": null,
            "protocol": "HTTPS",
            "protocol_version": "HTTP1",
            "proxy_protocol_v2": null,
            "slow_start": 0,
            "stickiness": [
              {
                "cookie_duration": 86400,
                "cookie_name": "",
                "enabled": false,
                "type": "lb_cookie"
              }
            ],
            "tags": {
              "Description": "Provides HTTPS access to the eureka-discovery-service running in an ECS cluster",
              "Name": "ecs-default-eureka-discovery-service"
            },
            "tags_all": {
              "Description": "Provides HTTPS access to the eureka-discovery-service running in an ECS cluster",
              "Name": "ecs-default-eureka-discovery-service"
            },
            "target_failover": [
              {
                "on_deregistration": null,
                "on_unhealthy": null
              }
            ],
            "target_type": "instance",
            "vpc_id": "vpc-0bd9acb7990b4154d"
          },
          "sensitive_attributes": []
        }
      ]
    },
    {
      "mode": "managed",
      "type": "aws_lb_target_group",
      "name": "ecs_default_spring_config_server",
      "provider": "provider[\"registry.terraform.io/hashicorp/aws\"]",
      "instances": [
        {
          "schema_version": 0,
          "attributes": {
            "arn": "arn:aws-us-gov:elasticloadbalancing:us-gov-west-1:050779347855:targetgroup/ecs-default-spring-config-server/f97e706dd938b351",
            "arn_suffix": "targetgroup/ecs-default-spring-config-server/f97e706dd938b351",
            "connection_termination": null,
            "deregistration_delay": "300",
            "health_check": [
              {
                "enabled": true,
                "healthy_threshold": 5,
                "interval": 30,
                "matcher": "200",
                "path": "/infrastructure/health",
                "port": "traffic-port",
                "protocol": "HTTPS",
                "timeout": 5,
                "unhealthy_threshold": 2
              }
            ],
            "id": "arn:aws-us-gov:elasticloadbalancing:us-gov-west-1:050779347855:targetgroup/ecs-default-spring-config-server/f97e706dd938b351",
            "ip_address_type": "ipv4",
            "lambda_multi_value_headers_enabled": null,
            "load_balancing_algorithm_type": "round_robin",
            "load_balancing_cross_zone_enabled": "use_load_balancer_configuration",
            "name": "ecs-default-spring-config-server",
            "name_prefix": null,
            "port": 8888,
            "preserve_client_ip": null,
            "protocol": "HTTPS",
            "protocol_version": "HTTP1",
            "proxy_protocol_v2": null,
            "slow_start": 0,
            "stickiness": [
              {
                "cookie_duration": 86400,
                "cookie_name": "",
                "enabled": false,
                "type": "lb_cookie"
              }
            ],
            "tags": {},
            "tags_all": {},
            "target_failover": [
              {
                "on_deregistration": null,
                "on_unhealthy": null
              }
            ],
            "target_type": "instance",
            "vpc_id": "vpc-0bd9acb7990b4154d"
          },
          "sensitive_attributes": []
        }
      ]
    },
    {
      "mode": "managed",
      "type": "aws_lb_target_group_attachment",
      "name": "arn_aws_us_gov_elasticloadbalancing_us_gov_west_1_050779347855_targetgroup_awseb_AWSEB_15MUDOYVBCD0V_931d2e2232b0f747_i_01c9e4f8de66c969d",
      "provider": "provider[\"registry.terraform.io/hashicorp/aws\"]",
      "instances": [
        {
          "schema_version": 0,
          "attributes": {
            "availability_zone": null,
            "id": "arn:aws-us-gov:elasticloadbalancing:us-gov-west-1:050779347855:targetgroup/awseb-AWSEB-15MUDOYVBCD0V/931d2e2232b0f747-i-01c9e4f8de66c969d",
            "port": 80,
            "target_group_arn": "arn:aws-us-gov:elasticloadbalancing:us-gov-west-1:050779347855:targetgroup/awseb-AWSEB-15MUDOYVBCD0V/931d2e2232b0f747",
            "target_id": "i-01c9e4f8de66c969d"
          },
          "sensitive_attributes": []
        }
      ]
    },
    {
      "mode": "managed",
      "type": "aws_lb_target_group_attachment",
      "name": "arn_aws_us_gov_elasticloadbalancing_us_gov_west_1_050779347855_targetgroup_awseb_AWSEB_1CE4EQTZCXGMN_ed92788dada306f3_i_0eb75240d79b0e380",
      "provider": "provider[\"registry.terraform.io/hashicorp/aws\"]",
      "instances": [
        {
          "schema_version": 0,
          "attributes": {
            "availability_zone": null,
            "id": "arn:aws-us-gov:elasticloadbalancing:us-gov-west-1:050779347855:targetgroup/awseb-AWSEB-1CE4EQTZCXGMN/ed92788dada306f3-i-0eb75240d79b0e380",
            "port": 80,
            "target_group_arn": "arn:aws-us-gov:elasticloadbalancing:us-gov-west-1:050779347855:targetgroup/awseb-AWSEB-1CE4EQTZCXGMN/ed92788dada306f3",
            "target_id": "i-0eb75240d79b0e380"
          },
          "sensitive_attributes": []
        }
      ]
    },
    {
      "mode": "managed",
      "type": "aws_lb_target_group_attachment",
      "name": "arn_aws_us_gov_elasticloadbalancing_us_gov_west_1_050779347855_targetgroup_awseb_AWSEB_1KL1HTYXVLBO3_7cff1cc5e885e081_i_0218964c46045b5ed",
      "provider": "provider[\"registry.terraform.io/hashicorp/aws\"]",
      "instances": [
        {
          "schema_version": 0,
          "attributes": {
            "availability_zone": null,
            "id": "arn:aws-us-gov:elasticloadbalancing:us-gov-west-1:050779347855:targetgroup/awseb-AWSEB-1KL1HTYXVLBO3/7cff1cc5e885e081-i-0218964c46045b5ed",
            "port": 80,
            "target_group_arn": "arn:aws-us-gov:elasticloadbalancing:us-gov-west-1:050779347855:targetgroup/awseb-AWSEB-1KL1HTYXVLBO3/7cff1cc5e885e081",
            "target_id": "i-0218964c46045b5ed"
          },
          "sensitive_attributes": []
        }
      ]
    },
    {
      "mode": "managed",
      "type": "aws_lb_target_group_attachment",
      "name": "arn_aws_us_gov_elasticloadbalancing_us_gov_west_1_050779347855_targetgroup_awseb_AWSEB_1RIBY3C1UJL6Z_777481f0becec444_i_0326b5561dd4c3da0",
      "provider": "provider[\"registry.terraform.io/hashicorp/aws\"]",
      "instances": [
        {
          "schema_version": 0,
          "attributes": {
            "availability_zone": null,
            "id": "arn:aws-us-gov:elasticloadbalancing:us-gov-west-1:050779347855:targetgroup/awseb-AWSEB-1RIBY3C1UJL6Z/777481f0becec444-i-0326b5561dd4c3da0",
            "port": 80,
            "target_group_arn": "arn:aws-us-gov:elasticloadbalancing:us-gov-west-1:050779347855:targetgroup/awseb-AWSEB-1RIBY3C1UJL6Z/777481f0becec444",
            "target_id": "i-0326b5561dd4c3da0"
          },
          "sensitive_attributes": []
        }
      ]
    },
    {
      "mode": "managed",
      "type": "aws_lb_target_group_attachment",
      "name": "arn_aws_us_gov_elasticloadbalancing_us_gov_west_1_050779347855_targetgroup_awseb_AWSEB_2K3XZ04E4CGX_ea85e2af213f03dc_i_0147fdcfe8e69e796",
      "provider": "provider[\"registry.terraform.io/hashicorp/aws\"]",
      "instances": [
        {
          "schema_version": 0,
          "attributes": {
            "availability_zone": null,
            "id": "arn:aws-us-gov:elasticloadbalancing:us-gov-west-1:050779347855:targetgroup/awseb-AWSEB-2K3XZ04E4CGX/ea85e2af213f03dc-i-0147fdcfe8e69e796",
            "port": 80,
            "target_group_arn": "arn:aws-us-gov:elasticloadbalancing:us-gov-west-1:050779347855:targetgroup/awseb-AWSEB-2K3XZ04E4CGX/ea85e2af213f03dc",
            "target_id": "i-0147fdcfe8e69e796"
          },
          "sensitive_attributes": []
        }
      ]
    },
    {
      "mode": "managed",
      "type": "aws_lb_target_group_attachment",
      "name": "arn_aws_us_gov_elasticloadbalancing_us_gov_west_1_050779347855_targetgroup_awseb_AWSEB_32EBDCVNET6O_3e86dcafe546447e_i_03eb275e893951265",
      "provider": "provider[\"registry.terraform.io/hashicorp/aws\"]",
      "instances": [
        {
          "schema_version": 0,
          "attributes": {
            "availability_zone": null,
            "id": "arn:aws-us-gov:elasticloadbalancing:us-gov-west-1:050779347855:targetgroup/awseb-AWSEB-32EBDCVNET6O/3e86dcafe546447e-i-03eb275e893951265",
            "port": 80,
            "target_group_arn": "arn:aws-us-gov:elasticloadbalancing:us-gov-west-1:050779347855:targetgroup/awseb-AWSEB-32EBDCVNET6O/3e86dcafe546447e",
            "target_id": "i-03eb275e893951265"
          },
          "sensitive_attributes": []
        }
      ]
    },
    {
      "mode": "managed",
      "type": "aws_lb_target_group_attachment",
      "name": "arn_aws_us_gov_elasticloadbalancing_us_gov_west_1_050779347855_targetgroup_awseb_AWSEB_5I5BPHGEKZZU_ceb1b1d73d05204a_i_054e9f5b39c2bb58e",
      "provider": "provider[\"registry.terraform.io/hashicorp/aws\"]",
      "instances": [
        {
          "schema_version": 0,
          "attributes": {
            "availability_zone": null,
            "id": "arn:aws-us-gov:elasticloadbalancing:us-gov-west-1:050779347855:targetgroup/awseb-AWSEB-5I5BPHGEKZZU/ceb1b1d73d05204a-i-054e9f5b39c2bb58e",
            "port": 80,
            "target_group_arn": "arn:aws-us-gov:elasticloadbalancing:us-gov-west-1:050779347855:targetgroup/awseb-AWSEB-5I5BPHGEKZZU/ceb1b1d73d05204a",
            "target_id": "i-054e9f5b39c2bb58e"
          },
          "sensitive_attributes": []
        }
      ]
    },
    {
      "mode": "managed",
      "type": "aws_lb_target_group_attachment",
      "name": "arn_aws_us_gov_elasticloadbalancing_us_gov_west_1_050779347855_targetgroup_awseb_AWSEB_85FZMWFW80KB_e81c3f994726fc24_i_05128580794a1eff8",
      "provider": "provider[\"registry.terraform.io/hashicorp/aws\"]",
      "instances": [
        {
          "schema_version": 0,
          "attributes": {
            "availability_zone": null,
            "id": "arn:aws-us-gov:elasticloadbalancing:us-gov-west-1:050779347855:targetgroup/awseb-AWSEB-85FZMWFW80KB/e81c3f994726fc24-i-05128580794a1eff8",
            "port": 80,
            "target_group_arn": "arn:aws-us-gov:elasticloadbalancing:us-gov-west-1:050779347855:targetgroup/awseb-AWSEB-85FZMWFW80KB/e81c3f994726fc24",
            "target_id": "i-05128580794a1eff8"
          },
          "sensitive_attributes": []
        }
      ]
    },
    {
      "mode": "managed",
      "type": "aws_lb_target_group_attachment",
      "name": "arn_aws_us_gov_elasticloadbalancing_us_gov_west_1_050779347855_targetgroup_awseb_AWSEB_AAEU0KCESEZW_17534a71c8a56fe4_i_0262933b142ba0db1",
      "provider": "provider[\"registry.terraform.io/hashicorp/aws\"]",
      "instances": [
        {
          "schema_version": 0,
          "attributes": {
            "availability_zone": null,
            "id": "arn:aws-us-gov:elasticloadbalancing:us-gov-west-1:050779347855:targetgroup/awseb-AWSEB-AAEU0KCESEZW/17534a71c8a56fe4-i-0262933b142ba0db1",
            "port": 80,
            "target_group_arn": "arn:aws-us-gov:elasticloadbalancing:us-gov-west-1:050779347855:targetgroup/awseb-AWSEB-AAEU0KCESEZW/17534a71c8a56fe4",
            "target_id": "i-0262933b142ba0db1"
          },
          "sensitive_attributes": []
        }
      ]
    },
    {
      "mode": "managed",
      "type": "aws_lb_target_group_attachment",
      "name": "arn_aws_us_gov_elasticloadbalancing_us_gov_west_1_050779347855_targetgroup_awseb_AWSEB_DRJX2I75DDGD_ba2456c6dc68b7d0_i_0e58a853ddfa77b65",
      "provider": "provider[\"registry.terraform.io/hashicorp/aws\"]",
      "instances": [
        {
          "schema_version": 0,
          "attributes": {
            "availability_zone": null,
            "id": "arn:aws-us-gov:elasticloadbalancing:us-gov-west-1:050779347855:targetgroup/awseb-AWSEB-DRJX2I75DDGD/ba2456c6dc68b7d0-i-0e58a853ddfa77b65",
            "port": 80,
            "target_group_arn": "arn:aws-us-gov:elasticloadbalancing:us-gov-west-1:050779347855:targetgroup/awseb-AWSEB-DRJX2I75DDGD/ba2456c6dc68b7d0",
            "target_id": "i-0e58a853ddfa77b65"
          },
          "sensitive_attributes": []
        }
      ]
    },
    {
      "mode": "managed",
      "type": "aws_lb_target_group_attachment",
      "name": "arn_aws_us_gov_elasticloadbalancing_us_gov_west_1_050779347855_targetgroup_awseb_AWSEB_G1E58SI6K9GH_57dd0460a8d71d56_i_0c8a4de7d5781fa5f",
      "provider": "provider[\"registry.terraform.io/hashicorp/aws\"]",
      "instances": [
        {
          "schema_version": 0,
          "attributes": {
            "availability_zone": null,
            "id": "arn:aws-us-gov:elasticloadbalancing:us-gov-west-1:050779347855:targetgroup/awseb-AWSEB-G1E58SI6K9GH/57dd0460a8d71d56-i-0c8a4de7d5781fa5f",
            "port": 80,
            "target_group_arn": "arn:aws-us-gov:elasticloadbalancing:us-gov-west-1:050779347855:targetgroup/awseb-AWSEB-G1E58SI6K9GH/57dd0460a8d71d56",
            "target_id": "i-0c8a4de7d5781fa5f"
          },
          "sensitive_attributes": []
        }
      ]
    },
    {
      "mode": "managed",
      "type": "aws_lb_target_group_attachment",
      "name": "arn_aws_us_gov_elasticloadbalancing_us_gov_west_1_050779347855_targetgroup_awseb_AWSEB_SEX4C054MM4S_acbec2c618e473f1_i_0a5a91dc513886571",
      "provider": "provider[\"registry.terraform.io/hashicorp/aws\"]",
      "instances": [
        {
          "schema_version": 0,
          "attributes": {
            "availability_zone": null,
            "id": "arn:aws-us-gov:elasticloadbalancing:us-gov-west-1:050779347855:targetgroup/awseb-AWSEB-SEX4C054MM4S/acbec2c618e473f1-i-0a5a91dc513886571",
            "port": 80,
            "target_group_arn": "arn:aws-us-gov:elasticloadbalancing:us-gov-west-1:050779347855:targetgroup/awseb-AWSEB-SEX4C054MM4S/acbec2c618e473f1",
            "target_id": "i-0a5a91dc513886571"
          },
          "sensitive_attributes": []
        }
      ]
    },
    {
      "mode": "managed",
      "type": "aws_lb_target_group_attachment",
      "name": "arn_aws_us_gov_elasticloadbalancing_us_gov_west_1_050779347855_targetgroup_awseb_AWSEB_TL79QFVI7V3_043977142a0dbf1d_i_0f0a66787af12d780",
      "provider": "provider[\"registry.terraform.io/hashicorp/aws\"]",
      "instances": [
        {
          "schema_version": 0,
          "attributes": {
            "availability_zone": null,
            "id": "arn:aws-us-gov:elasticloadbalancing:us-gov-west-1:050779347855:targetgroup/awseb-AWSEB-TL79QFVI7V3/043977142a0dbf1d-i-0f0a66787af12d780",
            "port": 80,
            "target_group_arn": "arn:aws-us-gov:elasticloadbalancing:us-gov-west-1:050779347855:targetgroup/awseb-AWSEB-TL79QFVI7V3/043977142a0dbf1d",
            "target_id": "i-0f0a66787af12d780"
          },
          "sensitive_attributes": []
        }
      ]
    },
    {
      "mode": "managed",
      "type": "aws_lb_target_group_attachment",
      "name": "arn_aws_us_gov_elasticloadbalancing_us_gov_west_1_050779347855_targetgroup_awseb_AWSEB_YQXP658RVKNN_71cd584aa7eea690_i_01701ac8e4ffacadd",
      "provider": "provider[\"registry.terraform.io/hashicorp/aws\"]",
      "instances": [
        {
          "schema_version": 0,
          "attributes": {
            "availability_zone": null,
            "id": "arn:aws-us-gov:elasticloadbalancing:us-gov-west-1:050779347855:targetgroup/awseb-AWSEB-YQXP658RVKNN/71cd584aa7eea690-i-01701ac8e4ffacadd",
            "port": 80,
            "target_group_arn": "arn:aws-us-gov:elasticloadbalancing:us-gov-west-1:050779347855:targetgroup/awseb-AWSEB-YQXP658RVKNN/71cd584aa7eea690",
            "target_id": "i-01701ac8e4ffacadd"
          },
          "sensitive_attributes": []
        }
      ]
    },
    {
      "mode": "managed",
      "type": "aws_lb_target_group_attachment",
      "name": "arn_aws_us_gov_elasticloadbalancing_us_gov_west_1_050779347855_targetgroup_awseb_AWSEB_YQXP658RVKNN_71cd584aa7eea690_i_0a729ca45c8229278",
      "provider": "provider[\"registry.terraform.io/hashicorp/aws\"]",
      "instances": [
        {
          "schema_version": 0,
          "attributes": {
            "availability_zone": null,
            "id": "arn:aws-us-gov:elasticloadbalancing:us-gov-west-1:050779347855:targetgroup/awseb-AWSEB-YQXP658RVKNN/71cd584aa7eea690-i-0a729ca45c8229278",
            "port": 80,
            "target_group_arn": "arn:aws-us-gov:elasticloadbalancing:us-gov-west-1:050779347855:targetgroup/awseb-AWSEB-YQXP658RVKNN/71cd584aa7eea690",
            "target_id": "i-0a729ca45c8229278"
          },
          "sensitive_attributes": []
        }
      ]
    },
    {
      "mode": "managed",
      "type": "aws_lb_target_group_attachment",
      "name": "arn_aws_us_gov_elasticloadbalancing_us_gov_west_1_050779347855_targetgroup_awseb_AWSEB_YQXP658RVKNN_71cd584aa7eea690_i_0ae18bafd481baf4b",
      "provider": "provider[\"registry.terraform.io/hashicorp/aws\"]",
      "instances": [
        {
          "schema_version": 0,
          "attributes": {
            "availability_zone": null,
            "id": "arn:aws-us-gov:elasticloadbalancing:us-gov-west-1:050779347855:targetgroup/awseb-AWSEB-YQXP658RVKNN/71cd584aa7eea690-i-0ae18bafd481baf4b",
            "port": 80,
            "target_group_arn": "arn:aws-us-gov:elasticloadbalancing:us-gov-west-1:050779347855:targetgroup/awseb-AWSEB-YQXP658RVKNN/71cd584aa7eea690",
            "target_id": "i-0ae18bafd481baf4b"
          },
          "sensitive_attributes": []
        }
      ]
    },
    {
      "mode": "managed",
      "type": "aws_lb_target_group_attachment",
      "name": "arn_aws_us_gov_elasticloadbalancing_us_gov_west_1_050779347855_targetgroup_awseb_https_13BRWX43RBRKL_9afaf32c8e7dde20_i_0218964c46045b5ed",
      "provider": "provider[\"registry.terraform.io/hashicorp/aws\"]",
      "instances": [
        {
          "schema_version": 0,
          "attributes": {
            "availability_zone": null,
            "id": "arn:aws-us-gov:elasticloadbalancing:us-gov-west-1:050779347855:targetgroup/awseb-https-13BRWX43RBRKL/9afaf32c8e7dde20-i-0218964c46045b5ed",
            "port": 443,
            "target_group_arn": "arn:aws-us-gov:elasticloadbalancing:us-gov-west-1:050779347855:targetgroup/awseb-https-13BRWX43RBRKL/9afaf32c8e7dde20",
            "target_id": "i-0218964c46045b5ed"
          },
          "sensitive_attributes": []
        }
      ]
    },
    {
      "mode": "managed",
      "type": "aws_lb_target_group_attachment",
      "name": "arn_aws_us_gov_elasticloadbalancing_us_gov_west_1_050779347855_targetgroup_awseb_https_1ITBSVWM72LY7_4d250918fe6c03ff_i_01701ac8e4ffacadd",
      "provider": "provider[\"registry.terraform.io/hashicorp/aws\"]",
      "instances": [
        {
          "schema_version": 0,
          "attributes": {
            "availability_zone": null,
            "id": "arn:aws-us-gov:elasticloadbalancing:us-gov-west-1:050779347855:targetgroup/awseb-https-1ITBSVWM72LY7/4d250918fe6c03ff-i-01701ac8e4ffacadd",
            "port": 443,
            "target_group_arn": "arn:aws-us-gov:elasticloadbalancing:us-gov-west-1:050779347855:targetgroup/awseb-https-1ITBSVWM72LY7/4d250918fe6c03ff",
            "target_id": "i-01701ac8e4ffacadd"
          },
          "sensitive_attributes": []
        }
      ]
    },
    {
      "mode": "managed",
      "type": "aws_lb_target_group_attachment",
      "name": "arn_aws_us_gov_elasticloadbalancing_us_gov_west_1_050779347855_targetgroup_awseb_https_1ITBSVWM72LY7_4d250918fe6c03ff_i_0a729ca45c8229278",
      "provider": "provider[\"registry.terraform.io/hashicorp/aws\"]",
      "instances": [
        {
          "schema_version": 0,
          "attributes": {
            "availability_zone": null,
            "id": "arn:aws-us-gov:elasticloadbalancing:us-gov-west-1:050779347855:targetgroup/awseb-https-1ITBSVWM72LY7/4d250918fe6c03ff-i-0a729ca45c8229278",
            "port": 443,
            "target_group_arn": "arn:aws-us-gov:elasticloadbalancing:us-gov-west-1:050779347855:targetgroup/awseb-https-1ITBSVWM72LY7/4d250918fe6c03ff",
            "target_id": "i-0a729ca45c8229278"
          },
          "sensitive_attributes": []
        }
      ]
    },
    {
      "mode": "managed",
      "type": "aws_lb_target_group_attachment",
      "name": "arn_aws_us_gov_elasticloadbalancing_us_gov_west_1_050779347855_targetgroup_awseb_https_1ITBSVWM72LY7_4d250918fe6c03ff_i_0ae18bafd481baf4b",
      "provider": "provider[\"registry.terraform.io/hashicorp/aws\"]",
      "instances": [
        {
          "schema_version": 0,
          "attributes": {
            "availability_zone": null,
            "id": "arn:aws-us-gov:elasticloadbalancing:us-gov-west-1:050779347855:targetgroup/awseb-https-1ITBSVWM72LY7/4d250918fe6c03ff-i-0ae18bafd481baf4b",
            "port": 443,
            "target_group_arn": "arn:aws-us-gov:elasticloadbalancing:us-gov-west-1:050779347855:targetgroup/awseb-https-1ITBSVWM72LY7/4d250918fe6c03ff",
            "target_id": "i-0ae18bafd481baf4b"
          },
          "sensitive_attributes": []
        }
      ]
    },
    {
      "mode": "managed",
      "type": "aws_lb_target_group_attachment",
      "name": "arn_aws_us_gov_elasticloadbalancing_us_gov_west_1_050779347855_targetgroup_awseb_https_1NPG7X2RFJRCW_5947b105fe89ccde_i_0147fdcfe8e69e796",
      "provider": "provider[\"registry.terraform.io/hashicorp/aws\"]",
      "instances": [
        {
          "schema_version": 0,
          "attributes": {
            "availability_zone": null,
            "id": "arn:aws-us-gov:elasticloadbalancing:us-gov-west-1:050779347855:targetgroup/awseb-https-1NPG7X2RFJRCW/5947b105fe89ccde-i-0147fdcfe8e69e796",
            "port": 443,
            "target_group_arn": "arn:aws-us-gov:elasticloadbalancing:us-gov-west-1:050779347855:targetgroup/awseb-https-1NPG7X2RFJRCW/5947b105fe89ccde",
            "target_id": "i-0147fdcfe8e69e796"
          },
          "sensitive_attributes": []
        }
      ]
    },
    {
      "mode": "managed",
      "type": "aws_lb_target_group_attachment",
      "name": "arn_aws_us_gov_elasticloadbalancing_us_gov_west_1_050779347855_targetgroup_awseb_https_1T75SCD09HAAM_7147a3a89ea4829a_i_0c8a4de7d5781fa5f",
      "provider": "provider[\"registry.terraform.io/hashicorp/aws\"]",
      "instances": [
        {
          "schema_version": 0,
          "attributes": {
            "availability_zone": null,
            "id": "arn:aws-us-gov:elasticloadbalancing:us-gov-west-1:050779347855:targetgroup/awseb-https-1T75SCD09HAAM/7147a3a89ea4829a-i-0c8a4de7d5781fa5f",
            "port": 443,
            "target_group_arn": "arn:aws-us-gov:elasticloadbalancing:us-gov-west-1:050779347855:targetgroup/awseb-https-1T75SCD09HAAM/7147a3a89ea4829a",
            "target_id": "i-0c8a4de7d5781fa5f"
          },
          "sensitive_attributes": []
        }
      ]
    },
    {
      "mode": "managed",
      "type": "aws_lb_target_group_attachment",
      "name": "arn_aws_us_gov_elasticloadbalancing_us_gov_west_1_050779347855_targetgroup_awseb_https_95M35U10HKO6_986ad47b9aaa35a5_i_054e9f5b39c2bb58e",
      "provider": "provider[\"registry.terraform.io/hashicorp/aws\"]",
      "instances": [
        {
          "schema_version": 0,
          "attributes": {
            "availability_zone": null,
            "id": "arn:aws-us-gov:elasticloadbalancing:us-gov-west-1:050779347855:targetgroup/awseb-https-95M35U10HKO6/986ad47b9aaa35a5-i-054e9f5b39c2bb58e",
            "port": 443,
            "target_group_arn": "arn:aws-us-gov:elasticloadbalancing:us-gov-west-1:050779347855:targetgroup/awseb-https-95M35U10HKO6/986ad47b9aaa35a5",
            "target_id": "i-054e9f5b39c2bb58e"
          },
          "sensitive_attributes": []
        }
      ]
    },
    {
      "mode": "managed",
      "type": "aws_lb_target_group_attachment",
      "name": "arn_aws_us_gov_elasticloadbalancing_us_gov_west_1_050779347855_targetgroup_awseb_https_ABQH2Z86TMP8_483f042e79cc7972_i_05128580794a1eff8",
      "provider": "provider[\"registry.terraform.io/hashicorp/aws\"]",
      "instances": [
        {
          "schema_version": 0,
          "attributes": {
            "availability_zone": null,
            "id": "arn:aws-us-gov:elasticloadbalancing:us-gov-west-1:050779347855:targetgroup/awseb-https-ABQH2Z86TMP8/483f042e79cc7972-i-05128580794a1eff8",
            "port": 443,
            "target_group_arn": "arn:aws-us-gov:elasticloadbalancing:us-gov-west-1:050779347855:targetgroup/awseb-https-ABQH2Z86TMP8/483f042e79cc7972",
            "target_id": "i-05128580794a1eff8"
          },
          "sensitive_attributes": []
        }
      ]
    },
    {
      "mode": "managed",
      "type": "aws_lb_target_group_attachment",
      "name": "arn_aws_us_gov_elasticloadbalancing_us_gov_west_1_050779347855_targetgroup_awseb_https_AUSQVE5FNNDF_c017fe1764b96b03_i_01c9e4f8de66c969d",
      "provider": "provider[\"registry.terraform.io/hashicorp/aws\"]",
      "instances": [
        {
          "schema_version": 0,
          "attributes": {
            "availability_zone": null,
            "id": "arn:aws-us-gov:elasticloadbalancing:us-gov-west-1:050779347855:targetgroup/awseb-https-AUSQVE5FNNDF/c017fe1764b96b03-i-01c9e4f8de66c969d",
            "port": 443,
            "target_group_arn": "arn:aws-us-gov:elasticloadbalancing:us-gov-west-1:050779347855:targetgroup/awseb-https-AUSQVE5FNNDF/c017fe1764b96b03",
            "target_id": "i-01c9e4f8de66c969d"
          },
          "sensitive_attributes": []
        }
      ]
    },
    {
      "mode": "managed",
      "type": "aws_lb_target_group_attachment",
      "name": "arn_aws_us_gov_elasticloadbalancing_us_gov_west_1_050779347855_targetgroup_awseb_https_BA13PDTGN3G_1edd65d8ab56e5dc_i_0326b5561dd4c3da0",
      "provider": "provider[\"registry.terraform.io/hashicorp/aws\"]",
      "instances": [
        {
          "schema_version": 0,
          "attributes": {
            "availability_zone": null,
            "id": "arn:aws-us-gov:elasticloadbalancing:us-gov-west-1:050779347855:targetgroup/awseb-https-BA13PDTGN3G/1edd65d8ab56e5dc-i-0326b5561dd4c3da0",
            "port": 443,
            "target_group_arn": "arn:aws-us-gov:elasticloadbalancing:us-gov-west-1:050779347855:targetgroup/awseb-https-BA13PDTGN3G/1edd65d8ab56e5dc",
            "target_id": "i-0326b5561dd4c3da0"
          },
          "sensitive_attributes": []
        }
      ]
    },
    {
      "mode": "managed",
      "type": "aws_lb_target_group_attachment",
      "name": "arn_aws_us_gov_elasticloadbalancing_us_gov_west_1_050779347855_targetgroup_awseb_https_FWBN6663VT5N_060e7dbf6250d62e_i_0f0a66787af12d780",
      "provider": "provider[\"registry.terraform.io/hashicorp/aws\"]",
      "instances": [
        {
          "schema_version": 0,
          "attributes": {
            "availability_zone": null,
            "id": "arn:aws-us-gov:elasticloadbalancing:us-gov-west-1:050779347855:targetgroup/awseb-https-FWBN6663VT5N/060e7dbf6250d62e-i-0f0a66787af12d780",
            "port": 443,
            "target_group_arn": "arn:aws-us-gov:elasticloadbalancing:us-gov-west-1:050779347855:targetgroup/awseb-https-FWBN6663VT5N/060e7dbf6250d62e",
            "target_id": "i-0f0a66787af12d780"
          },
          "sensitive_attributes": []
        }
      ]
    },
    {
      "mode": "managed",
      "type": "aws_lb_target_group_attachment",
      "name": "arn_aws_us_gov_elasticloadbalancing_us_gov_west_1_050779347855_targetgroup_awseb_https_JJG3XZEW6RBE_338ad25d27256cd4_i_0a5a91dc513886571",
      "provider": "provider[\"registry.terraform.io/hashicorp/aws\"]",
      "instances": [
        {
          "schema_version": 0,
          "attributes": {
            "availability_zone": null,
            "id": "arn:aws-us-gov:elasticloadbalancing:us-gov-west-1:050779347855:targetgroup/awseb-https-JJG3XZEW6RBE/338ad25d27256cd4-i-0a5a91dc513886571",
            "port": 443,
            "target_group_arn": "arn:aws-us-gov:elasticloadbalancing:us-gov-west-1:050779347855:targetgroup/awseb-https-JJG3XZEW6RBE/338ad25d27256cd4",
            "target_id": "i-0a5a91dc513886571"
          },
          "sensitive_attributes": []
        }
      ]
    },
    {
      "mode": "managed",
      "type": "aws_lb_target_group_attachment",
      "name": "arn_aws_us_gov_elasticloadbalancing_us_gov_west_1_050779347855_targetgroup_awseb_https_JRUKW21HVQNJ_6d4c136043ff5bab_i_0e58a853ddfa77b65",
      "provider": "provider[\"registry.terraform.io/hashicorp/aws\"]",
      "instances": [
        {
          "schema_version": 0,
          "attributes": {
            "availability_zone": null,
            "id": "arn:aws-us-gov:elasticloadbalancing:us-gov-west-1:050779347855:targetgroup/awseb-https-JRUKW21HVQNJ/6d4c136043ff5bab-i-0e58a853ddfa77b65",
            "port": 443,
            "target_group_arn": "arn:aws-us-gov:elasticloadbalancing:us-gov-west-1:050779347855:targetgroup/awseb-https-JRUKW21HVQNJ/6d4c136043ff5bab",
            "target_id": "i-0e58a853ddfa77b65"
          },
          "sensitive_attributes": []
        }
      ]
    },
    {
      "mode": "managed",
      "type": "aws_lb_target_group_attachment",
      "name": "arn_aws_us_gov_elasticloadbalancing_us_gov_west_1_050779347855_targetgroup_awseb_https_KDPXFWOISYA9_d1ed4548e1b5af37_i_0eb75240d79b0e380",
      "provider": "provider[\"registry.terraform.io/hashicorp/aws\"]",
      "instances": [
        {
          "schema_version": 0,
          "attributes": {
            "availability_zone": null,
            "id": "arn:aws-us-gov:elasticloadbalancing:us-gov-west-1:050779347855:targetgroup/awseb-https-KDPXFWOISYA9/d1ed4548e1b5af37-i-0eb75240d79b0e380",
            "port": 443,
            "target_group_arn": "arn:aws-us-gov:elasticloadbalancing:us-gov-west-1:050779347855:targetgroup/awseb-https-KDPXFWOISYA9/d1ed4548e1b5af37",
            "target_id": "i-0eb75240d79b0e380"
          },
          "sensitive_attributes": []
        }
      ]
    },
    {
      "mode": "managed",
      "type": "aws_lb_target_group_attachment",
      "name": "arn_aws_us_gov_elasticloadbalancing_us_gov_west_1_050779347855_targetgroup_awseb_https_WOEYX76SD8A1_b65166bdc08fafbd_i_03eb275e893951265",
      "provider": "provider[\"registry.terraform.io/hashicorp/aws\"]",
      "instances": [
        {
          "schema_version": 0,
          "attributes": {
            "availability_zone": null,
            "id": "arn:aws-us-gov:elasticloadbalancing:us-gov-west-1:050779347855:targetgroup/awseb-https-WOEYX76SD8A1/b65166bdc08fafbd-i-03eb275e893951265",
            "port": 443,
            "target_group_arn": "arn:aws-us-gov:elasticloadbalancing:us-gov-west-1:050779347855:targetgroup/awseb-https-WOEYX76SD8A1/b65166bdc08fafbd",
            "target_id": "i-03eb275e893951265"
          },
          "sensitive_attributes": []
        }
      ]
    },
    {
      "mode": "managed",
      "type": "aws_lb_target_group_attachment",
      "name": "arn_aws_us_gov_elasticloadbalancing_us_gov_west_1_050779347855_targetgroup_awseb_https_Y2DPEDQN6QH6_07bea956e74e1c38_i_0262933b142ba0db1",
      "provider": "provider[\"registry.terraform.io/hashicorp/aws\"]",
      "instances": [
        {
          "schema_version": 0,
          "attributes": {
            "availability_zone": null,
            "id": "arn:aws-us-gov:elasticloadbalancing:us-gov-west-1:050779347855:targetgroup/awseb-https-Y2DPEDQN6QH6/07bea956e74e1c38-i-0262933b142ba0db1",
            "port": 443,
            "target_group_arn": "arn:aws-us-gov:elasticloadbalancing:us-gov-west-1:050779347855:targetgroup/awseb-https-Y2DPEDQN6QH6/07bea956e74e1c38",
            "target_id": "i-0262933b142ba0db1"
          },
          "sensitive_attributes": []
        }
      ]
    },
    {
      "mode": "managed",
      "type": "aws_lb_target_group_attachment",
      "name": "arn_aws_us_gov_elasticloadbalancing_us_gov_west_1_050779347855_targetgroup_ecs_default_eureka_discovery_1f071fb877be1796_i_05c05cc8dbf8cfd76",
      "provider": "provider[\"registry.terraform.io/hashicorp/aws\"]",
      "instances": [
        {
          "schema_version": 0,
          "attributes": {
            "availability_zone": null,
            "id": "arn:aws-us-gov:elasticloadbalancing:us-gov-west-1:050779347855:targetgroup/ecs-default-eureka-discovery/1f071fb877be1796-i-05c05cc8dbf8cfd76",
            "port": 8761,
            "target_group_arn": "arn:aws-us-gov:elasticloadbalancing:us-gov-west-1:050779347855:targetgroup/ecs-default-eureka-discovery/1f071fb877be1796",
            "target_id": "i-05c05cc8dbf8cfd76"
          },
          "sensitive_attributes": []
        }
      ]
    },
    {
      "mode": "managed",
      "type": "aws_lb_target_group_attachment",
      "name": "arn_aws_us_gov_elasticloadbalancing_us_gov_west_1_050779347855_targetgroup_ecs_default_eureka_discovery_1f071fb877be1796_i_07bcdbd56b575f73d",
      "provider": "provider[\"registry.terraform.io/hashicorp/aws\"]",
      "instances": [
        {
          "schema_version": 0,
          "attributes": {
            "availability_zone": null,
            "id": "arn:aws-us-gov:elasticloadbalancing:us-gov-west-1:050779347855:targetgroup/ecs-default-eureka-discovery/1f071fb877be1796-i-07bcdbd56b575f73d",
            "port": 8761,
            "target_group_arn": "arn:aws-us-gov:elasticloadbalancing:us-gov-west-1:050779347855:targetgroup/ecs-default-eureka-discovery/1f071fb877be1796",
            "target_id": "i-07bcdbd56b575f73d"
          },
          "sensitive_attributes": []
        }
      ]
    },
    {
      "mode": "managed",
      "type": "aws_lb_target_group_attachment",
      "name": "arn_aws_us_gov_elasticloadbalancing_us_gov_west_1_050779347855_targetgroup_ecs_default_eureka_discovery_1f071fb877be1796_i_0db9986f41eead4f0",
      "provider": "provider[\"registry.terraform.io/hashicorp/aws\"]",
      "instances": [
        {
          "schema_version": 0,
          "attributes": {
            "availability_zone": null,
            "id": "arn:aws-us-gov:elasticloadbalancing:us-gov-west-1:050779347855:targetgroup/ecs-default-eureka-discovery/1f071fb877be1796-i-0db9986f41eead4f0",
            "port": 8761,
            "target_group_arn": "arn:aws-us-gov:elasticloadbalancing:us-gov-west-1:050779347855:targetgroup/ecs-default-eureka-discovery/1f071fb877be1796",
            "target_id": "i-0db9986f41eead4f0"
          },
          "sensitive_attributes": []
        }
      ]
    },
    {
      "mode": "managed",
      "type": "aws_lb_target_group_attachment",
      "name": "arn_aws_us_gov_elasticloadbalancing_us_gov_west_1_050779347855_targetgroup_ecs_default_spring_config_server_f97e706dd938b351_i_05c05cc8dbf8cfd76",
      "provider": "provider[\"registry.terraform.io/hashicorp/aws\"]",
      "instances": [
        {
          "schema_version": 0,
          "attributes": {
            "availability_zone": null,
            "id": "arn:aws-us-gov:elasticloadbalancing:us-gov-west-1:050779347855:targetgroup/ecs-default-spring-config-server/f97e706dd938b351-i-05c05cc8dbf8cfd76",
            "port": 8888,
            "target_group_arn": "arn:aws-us-gov:elasticloadbalancing:us-gov-west-1:050779347855:targetgroup/ecs-default-spring-config-server/f97e706dd938b351",
            "target_id": "i-05c05cc8dbf8cfd76"
          },
          "sensitive_attributes": []
        }
      ]
    },
    {
      "mode": "managed",
      "type": "aws_lb_target_group_attachment",
      "name": "arn_aws_us_gov_elasticloadbalancing_us_gov_west_1_050779347855_targetgroup_ecs_default_spring_config_server_f97e706dd938b351_i_09e1671d59f89f16a",
      "provider": "provider[\"registry.terraform.io/hashicorp/aws\"]",
      "instances": [
        {
          "schema_version": 0,
          "attributes": {
            "availability_zone": null,
            "id": "arn:aws-us-gov:elasticloadbalancing:us-gov-west-1:050779347855:targetgroup/ecs-default-spring-config-server/f97e706dd938b351-i-09e1671d59f89f16a",
            "port": 8888,
            "target_group_arn": "arn:aws-us-gov:elasticloadbalancing:us-gov-west-1:050779347855:targetgroup/ecs-default-spring-config-server/f97e706dd938b351",
            "target_id": "i-09e1671d59f89f16a"
          },
          "sensitive_attributes": []
        }
      ]
    },
    {
      "mode": "managed",
      "type": "aws_lb_target_group_attachment",
      "name": "arn_aws_us_gov_elasticloadbalancing_us_gov_west_1_050779347855_targetgroup_ecs_default_spring_config_server_f97e706dd938b351_i_0f3baa6f6ea2b4c66",
      "provider": "provider[\"registry.terraform.io/hashicorp/aws\"]",
      "instances": [
        {
          "schema_version": 0,
          "attributes": {
            "availability_zone": null,
            "id": "arn:aws-us-gov:elasticloadbalancing:us-gov-west-1:050779347855:targetgroup/ecs-default-spring-config-server/f97e706dd938b351-i-0f3baa6f6ea2b4c66",
            "port": 8888,
            "target_group_arn": "arn:aws-us-gov:elasticloadbalancing:us-gov-west-1:050779347855:targetgroup/ecs-default-spring-config-server/f97e706dd938b351",
            "target_id": "i-0f3baa6f6ea2b4c66"
          },
          "sensitive_attributes": []
        }
      ]
    }
  ],
  "check_results": null
}
