{
  "version": 4,
  "terraform_version": "1.3.6",
  "serial": 2,
  "lineage": "",
  "outputs": {},
  "resources": [
    {
      "mode": "managed",
      "type": "aws_ec2_tag",
      "name": "acl_02870bd3064cb0e80_Name",
      "provider": "provider[\"registry.terraform.io/hashicorp/aws\"]",
      "instances": [
        {
          "schema_version": 0,
          "attributes": {
            "id": "acl-02870bd3064cb0e80,Name",
            "key": "Name",
            "resource_id": "acl-02870bd3064cb0e80",
            "value": "ThirdParty-PublicAcl"
          },
          "sensitive_attributes": []
        }
      ]
    },
    {
      "mode": "managed",
      "type": "aws_ec2_tag",
      "name": "acl_02870bd3064cb0e80_aws_cloudformation_logical_id",
      "provider": "provider[\"registry.terraform.io/hashicorp/aws\"]",
      "instances": [
        {
          "schema_version": 0,
          "attributes": {
            "id": "acl-02870bd3064cb0e80,aws:cloudformation:logical-id",
            "key": "aws:cloudformation:logical-id",
            "resource_id": "acl-02870bd3064cb0e80",
            "value": "PublicAcl"
          },
          "sensitive_attributes": []
        }
      ]
    },
    {
      "mode": "managed",
      "type": "aws_ec2_tag",
      "name": "acl_02870bd3064cb0e80_aws_cloudformation_stack_id",
      "provider": "provider[\"registry.terraform.io/hashicorp/aws\"]",
      "instances": [
        {
          "schema_version": 0,
          "attributes": {
            "id": "acl-02870bd3064cb0e80,aws:cloudformation:stack-id",
            "key": "aws:cloudformation:stack-id",
            "resource_id": "acl-02870bd3064cb0e80",
            "value": "arn:aws-us-gov:cloudformation:us-gov-west-1:050779347855:stack/ThirdPartyVPC/b9e1f1f0-d24d-11ec-864f-0afb90a38fc8"
          },
          "sensitive_attributes": []
        }
      ]
    },
    {
      "mode": "managed",
      "type": "aws_ec2_tag",
      "name": "acl_02870bd3064cb0e80_aws_cloudformation_stack_name",
      "provider": "provider[\"registry.terraform.io/hashicorp/aws\"]",
      "instances": [
        {
          "schema_version": 0,
          "attributes": {
            "id": "acl-02870bd3064cb0e80,aws:cloudformation:stack-name",
            "key": "aws:cloudformation:stack-name",
            "resource_id": "acl-02870bd3064cb0e80",
            "value": "ThirdPartyVPC"
          },
          "sensitive_attributes": []
        }
      ]
    },
    {
      "mode": "managed",
      "type": "aws_ec2_tag",
      "name": "acl_066a348fb81dcaef3_DeploymentEnvironment",
      "provider": "provider[\"registry.terraform.io/hashicorp/aws\"]",
      "instances": [
        {
          "schema_version": 0,
          "attributes": {
            "id": "acl-066a348fb81dcaef3,DeploymentEnvironment",
            "key": "DeploymentEnvironment",
            "resource_id": "acl-066a348fb81dcaef3",
            "value": "production"
          },
          "sensitive_attributes": []
        }
      ]
    },
    {
      "mode": "managed",
      "type": "aws_ec2_tag",
      "name": "acl_066a348fb81dcaef3_Name",
      "provider": "provider[\"registry.terraform.io/hashicorp/aws\"]",
      "instances": [
        {
          "schema_version": 0,
          "attributes": {
            "id": "acl-066a348fb81dcaef3,Name",
            "key": "Name",
            "resource_id": "acl-066a348fb81dcaef3",
            "value": "production-PrivateAcl"
          },
          "sensitive_attributes": []
        }
      ]
    },
    {
      "mode": "managed",
      "type": "aws_ec2_tag",
      "name": "acl_066a348fb81dcaef3_aws_cloudformation_logical_id",
      "provider": "provider[\"registry.terraform.io/hashicorp/aws\"]",
      "instances": [
        {
          "schema_version": 0,
          "attributes": {
            "id": "acl-066a348fb81dcaef3,aws:cloudformation:logical-id",
            "key": "aws:cloudformation:logical-id",
            "resource_id": "acl-066a348fb81dcaef3",
            "value": "PrivateAcl"
          },
          "sensitive_attributes": []
        }
      ]
    },
    {
      "mode": "managed",
      "type": "aws_ec2_tag",
      "name": "acl_066a348fb81dcaef3_aws_cloudformation_stack_id",
      "provider": "provider[\"registry.terraform.io/hashicorp/aws\"]",
      "instances": [
        {
          "schema_version": 0,
          "attributes": {
            "id": "acl-066a348fb81dcaef3,aws:cloudformation:stack-id",
            "key": "aws:cloudformation:stack-id",
            "resource_id": "acl-066a348fb81dcaef3",
            "value": "arn:aws-us-gov:cloudformation:us-gov-west-1:050779347855:stack/ProductionVPC/e28075a0-d257-11ec-bd87-02113c9a3bae"
          },
          "sensitive_attributes": []
        }
      ]
    },
    {
      "mode": "managed",
      "type": "aws_ec2_tag",
      "name": "acl_066a348fb81dcaef3_aws_cloudformation_stack_name",
      "provider": "provider[\"registry.terraform.io/hashicorp/aws\"]",
      "instances": [
        {
          "schema_version": 0,
          "attributes": {
            "id": "acl-066a348fb81dcaef3,aws:cloudformation:stack-name",
            "key": "aws:cloudformation:stack-name",
            "resource_id": "acl-066a348fb81dcaef3",
            "value": "ProductionVPC"
          },
          "sensitive_attributes": []
        }
      ]
    },
    {
      "mode": "managed",
      "type": "aws_ec2_tag",
      "name": "acl_0a8f17f3dfe0678ad_DeploymentEnvironment",
      "provider": "provider[\"registry.terraform.io/hashicorp/aws\"]",
      "instances": [
        {
          "schema_version": 0,
          "attributes": {
            "id": "acl-0a8f17f3dfe0678ad,DeploymentEnvironment",
            "key": "DeploymentEnvironment",
            "resource_id": "acl-0a8f17f3dfe0678ad",
            "value": "production"
          },
          "sensitive_attributes": []
        }
      ]
    },
    {
      "mode": "managed",
      "type": "aws_ec2_tag",
      "name": "acl_0a8f17f3dfe0678ad_Name",
      "provider": "provider[\"registry.terraform.io/hashicorp/aws\"]",
      "instances": [
        {
          "schema_version": 0,
          "attributes": {
            "id": "acl-0a8f17f3dfe0678ad,Name",
            "key": "Name",
            "resource_id": "acl-0a8f17f3dfe0678ad",
            "value": "production-PublicAcl"
          },
          "sensitive_attributes": []
        }
      ]
    },
    {
      "mode": "managed",
      "type": "aws_ec2_tag",
      "name": "acl_0a8f17f3dfe0678ad_aws_cloudformation_logical_id",
      "provider": "provider[\"registry.terraform.io/hashicorp/aws\"]",
      "instances": [
        {
          "schema_version": 0,
          "attributes": {
            "id": "acl-0a8f17f3dfe0678ad,aws:cloudformation:logical-id",
            "key": "aws:cloudformation:logical-id",
            "resource_id": "acl-0a8f17f3dfe0678ad",
            "value": "PublicAcl"
          },
          "sensitive_attributes": []
        }
      ]
    },
    {
      "mode": "managed",
      "type": "aws_ec2_tag",
      "name": "acl_0a8f17f3dfe0678ad_aws_cloudformation_stack_id",
      "provider": "provider[\"registry.terraform.io/hashicorp/aws\"]",
      "instances": [
        {
          "schema_version": 0,
          "attributes": {
            "id": "acl-0a8f17f3dfe0678ad,aws:cloudformation:stack-id",
            "key": "aws:cloudformation:stack-id",
            "resource_id": "acl-0a8f17f3dfe0678ad",
            "value": "arn:aws-us-gov:cloudformation:us-gov-west-1:050779347855:stack/ProductionVPC/e28075a0-d257-11ec-bd87-02113c9a3bae"
          },
          "sensitive_attributes": []
        }
      ]
    },
    {
      "mode": "managed",
      "type": "aws_ec2_tag",
      "name": "acl_0a8f17f3dfe0678ad_aws_cloudformation_stack_name",
      "provider": "provider[\"registry.terraform.io/hashicorp/aws\"]",
      "instances": [
        {
          "schema_version": 0,
          "attributes": {
            "id": "acl-0a8f17f3dfe0678ad,aws:cloudformation:stack-name",
            "key": "aws:cloudformation:stack-name",
            "resource_id": "acl-0a8f17f3dfe0678ad",
            "value": "ProductionVPC"
          },
          "sensitive_attributes": []
        }
      ]
    },
    {
      "mode": "managed",
      "type": "aws_ec2_tag",
      "name": "acl_0c0b56b0d5d4ea4ac_Name",
      "provider": "provider[\"registry.terraform.io/hashicorp/aws\"]",
      "instances": [
        {
          "schema_version": 0,
          "attributes": {
            "id": "acl-0c0b56b0d5d4ea4ac,Name",
            "key": "Name",
            "resource_id": "acl-0c0b56b0d5d4ea4ac",
            "value": "DeveloperTools-PublicAcl"
          },
          "sensitive_attributes": []
        }
      ]
    },
    {
      "mode": "managed",
      "type": "aws_ec2_tag",
      "name": "acl_0c0b56b0d5d4ea4ac_aws_cloudformation_logical_id",
      "provider": "provider[\"registry.terraform.io/hashicorp/aws\"]",
      "instances": [
        {
          "schema_version": 0,
          "attributes": {
            "id": "acl-0c0b56b0d5d4ea4ac,aws:cloudformation:logical-id",
            "key": "aws:cloudformation:logical-id",
            "resource_id": "acl-0c0b56b0d5d4ea4ac",
            "value": "PublicAcl"
          },
          "sensitive_attributes": []
        }
      ]
    },
    {
      "mode": "managed",
      "type": "aws_ec2_tag",
      "name": "acl_0c0b56b0d5d4ea4ac_aws_cloudformation_stack_id",
      "provider": "provider[\"registry.terraform.io/hashicorp/aws\"]",
      "instances": [
        {
          "schema_version": 0,
          "attributes": {
            "id": "acl-0c0b56b0d5d4ea4ac,aws:cloudformation:stack-id",
            "key": "aws:cloudformation:stack-id",
            "resource_id": "acl-0c0b56b0d5d4ea4ac",
            "value": "arn:aws-us-gov:cloudformation:us-gov-west-1:050779347855:stack/DeveloperToolsVpc/5850dfe0-d24e-11ec-8ca3-0202430dbe4e"
          },
          "sensitive_attributes": []
        }
      ]
    },
    {
      "mode": "managed",
      "type": "aws_ec2_tag",
      "name": "acl_0c0b56b0d5d4ea4ac_aws_cloudformation_stack_name",
      "provider": "provider[\"registry.terraform.io/hashicorp/aws\"]",
      "instances": [
        {
          "schema_version": 0,
          "attributes": {
            "id": "acl-0c0b56b0d5d4ea4ac,aws:cloudformation:stack-name",
            "key": "aws:cloudformation:stack-name",
            "resource_id": "acl-0c0b56b0d5d4ea4ac",
            "value": "DeveloperToolsVpc"
          },
          "sensitive_attributes": []
        }
      ]
    },
    {
      "mode": "managed",
      "type": "aws_ec2_tag",
      "name": "eipalloc_06f59b0695ed32e75_Name",
      "provider": "provider[\"registry.terraform.io/hashicorp/aws\"]",
      "instances": [
        {
          "schema_version": 0,
          "attributes": {
            "id": "eipalloc-06f59b0695ed32e75,Name",
            "key": "Name",
            "resource_id": "eipalloc-06f59b0695ed32e75",
            "value": "Production"
          },
          "sensitive_attributes": []
        }
      ]
    },
    {
      "mode": "managed",
      "type": "aws_ec2_tag",
      "name": "eipalloc_06f59b0695ed32e75_aws_cloudformation_logical_id",
      "provider": "provider[\"registry.terraform.io/hashicorp/aws\"]",
      "instances": [
        {
          "schema_version": 0,
          "attributes": {
            "id": "eipalloc-06f59b0695ed32e75,aws:cloudformation:logical-id",
            "key": "aws:cloudformation:logical-id",
            "resource_id": "eipalloc-06f59b0695ed32e75",
            "value": "NatGatewayAElasticIP"
          },
          "sensitive_attributes": []
        }
      ]
    },
    {
      "mode": "managed",
      "type": "aws_ec2_tag",
      "name": "eipalloc_06f59b0695ed32e75_aws_cloudformation_stack_id",
      "provider": "provider[\"registry.terraform.io/hashicorp/aws\"]",
      "instances": [
        {
          "schema_version": 0,
          "attributes": {
            "id": "eipalloc-06f59b0695ed32e75,aws:cloudformation:stack-id",
            "key": "aws:cloudformation:stack-id",
            "resource_id": "eipalloc-06f59b0695ed32e75",
            "value": "arn:aws-us-gov:cloudformation:us-gov-west-1:050779347855:stack/ProductionVPC/e28075a0-d257-11ec-bd87-02113c9a3bae"
          },
          "sensitive_attributes": []
        }
      ]
    },
    {
      "mode": "managed",
      "type": "aws_ec2_tag",
      "name": "eipalloc_06f59b0695ed32e75_aws_cloudformation_stack_name",
      "provider": "provider[\"registry.terraform.io/hashicorp/aws\"]",
      "instances": [
        {
          "schema_version": 0,
          "attributes": {
            "id": "eipalloc-06f59b0695ed32e75,aws:cloudformation:stack-name",
            "key": "aws:cloudformation:stack-name",
            "resource_id": "eipalloc-06f59b0695ed32e75",
            "value": "ProductionVPC"
          },
          "sensitive_attributes": []
        }
      ]
    },
    {
      "mode": "managed",
      "type": "aws_ec2_tag",
      "name": "eipalloc_09ccddf6c47a6ae4a_Name",
      "provider": "provider[\"registry.terraform.io/hashicorp/aws\"]",
      "instances": [
        {
          "schema_version": 0,
          "attributes": {
            "id": "eipalloc-09ccddf6c47a6ae4a,Name",
            "key": "Name",
            "resource_id": "eipalloc-09ccddf6c47a6ae4a",
            "value": "Production"
          },
          "sensitive_attributes": []
        }
      ]
    },
    {
      "mode": "managed",
      "type": "aws_ec2_tag",
      "name": "eipalloc_09ccddf6c47a6ae4a_aws_cloudformation_logical_id",
      "provider": "provider[\"registry.terraform.io/hashicorp/aws\"]",
      "instances": [
        {
          "schema_version": 0,
          "attributes": {
            "id": "eipalloc-09ccddf6c47a6ae4a,aws:cloudformation:logical-id",
            "key": "aws:cloudformation:logical-id",
            "resource_id": "eipalloc-09ccddf6c47a6ae4a",
            "value": "NatGatewayCElasticIP"
          },
          "sensitive_attributes": []
        }
      ]
    },
    {
      "mode": "managed",
      "type": "aws_ec2_tag",
      "name": "eipalloc_09ccddf6c47a6ae4a_aws_cloudformation_stack_id",
      "provider": "provider[\"registry.terraform.io/hashicorp/aws\"]",
      "instances": [
        {
          "schema_version": 0,
          "attributes": {
            "id": "eipalloc-09ccddf6c47a6ae4a,aws:cloudformation:stack-id",
            "key": "aws:cloudformation:stack-id",
            "resource_id": "eipalloc-09ccddf6c47a6ae4a",
            "value": "arn:aws-us-gov:cloudformation:us-gov-west-1:050779347855:stack/ProductionVPC/e28075a0-d257-11ec-bd87-02113c9a3bae"
          },
          "sensitive_attributes": []
        }
      ]
    },
    {
      "mode": "managed",
      "type": "aws_ec2_tag",
      "name": "eipalloc_09ccddf6c47a6ae4a_aws_cloudformation_stack_name",
      "provider": "provider[\"registry.terraform.io/hashicorp/aws\"]",
      "instances": [
        {
          "schema_version": 0,
          "attributes": {
            "id": "eipalloc-09ccddf6c47a6ae4a,aws:cloudformation:stack-name",
            "key": "aws:cloudformation:stack-name",
            "resource_id": "eipalloc-09ccddf6c47a6ae4a",
            "value": "ProductionVPC"
          },
          "sensitive_attributes": []
        }
      ]
    },
    {
      "mode": "managed",
      "type": "aws_ec2_tag",
      "name": "eipalloc_0c9b5e5bd9c1d6c09_Name",
      "provider": "provider[\"registry.terraform.io/hashicorp/aws\"]",
      "instances": [
        {
          "schema_version": 0,
          "attributes": {
            "id": "eipalloc-0c9b5e5bd9c1d6c09,Name",
            "key": "Name",
            "resource_id": "eipalloc-0c9b5e5bd9c1d6c09",
            "value": "Production"
          },
          "sensitive_attributes": []
        }
      ]
    },
    {
      "mode": "managed",
      "type": "aws_ec2_tag",
      "name": "eipalloc_0c9b5e5bd9c1d6c09_aws_cloudformation_logical_id",
      "provider": "provider[\"registry.terraform.io/hashicorp/aws\"]",
      "instances": [
        {
          "schema_version": 0,
          "attributes": {
            "id": "eipalloc-0c9b5e5bd9c1d6c09,aws:cloudformation:logical-id",
            "key": "aws:cloudformation:logical-id",
            "resource_id": "eipalloc-0c9b5e5bd9c1d6c09",
            "value": "NatGatewayBElasticIP"
          },
          "sensitive_attributes": []
        }
      ]
    },
    {
      "mode": "managed",
      "type": "aws_ec2_tag",
      "name": "eipalloc_0c9b5e5bd9c1d6c09_aws_cloudformation_stack_id",
      "provider": "provider[\"registry.terraform.io/hashicorp/aws\"]",
      "instances": [
        {
          "schema_version": 0,
          "attributes": {
            "id": "eipalloc-0c9b5e5bd9c1d6c09,aws:cloudformation:stack-id",
            "key": "aws:cloudformation:stack-id",
            "resource_id": "eipalloc-0c9b5e5bd9c1d6c09",
            "value": "arn:aws-us-gov:cloudformation:us-gov-west-1:050779347855:stack/ProductionVPC/e28075a0-d257-11ec-bd87-02113c9a3bae"
          },
          "sensitive_attributes": []
        }
      ]
    },
    {
      "mode": "managed",
      "type": "aws_ec2_tag",
      "name": "eipalloc_0c9b5e5bd9c1d6c09_aws_cloudformation_stack_name",
      "provider": "provider[\"registry.terraform.io/hashicorp/aws\"]",
      "instances": [
        {
          "schema_version": 0,
          "attributes": {
            "id": "eipalloc-0c9b5e5bd9c1d6c09,aws:cloudformation:stack-name",
            "key": "aws:cloudformation:stack-name",
            "resource_id": "eipalloc-0c9b5e5bd9c1d6c09",
            "value": "ProductionVPC"
          },
          "sensitive_attributes": []
        }
      ]
    },
    {
      "mode": "managed",
      "type": "aws_ec2_tag",
      "name": "eni_07f991884832c6796_Name",
      "provider": "provider[\"registry.terraform.io/hashicorp/aws\"]",
      "instances": [
        {
          "schema_version": 0,
          "attributes": {
            "id": "eni-07f991884832c6796,Name",
            "key": "Name",
            "resource_id": "eni-07f991884832c6796",
            "value": "core-rds-proxy"
          },
          "sensitive_attributes": []
        }
      ]
    },
    {
      "mode": "managed",
      "type": "aws_ec2_tag",
      "name": "eni_0e9209079fe927383_Name",
      "provider": "provider[\"registry.terraform.io/hashicorp/aws\"]",
      "instances": [
        {
          "schema_version": 0,
          "attributes": {
            "id": "eni-0e9209079fe927383,Name",
            "key": "Name",
            "resource_id": "eni-0e9209079fe927383",
            "value": "production-BastionServer"
          },
          "sensitive_attributes": []
        }
      ]
    },
    {
      "mode": "managed",
      "type": "aws_ec2_tag",
      "name": "i_0147fdcfe8e69e796_Name",
      "provider": "provider[\"registry.terraform.io/hashicorp/aws\"]",
      "instances": [
        {
          "schema_version": 0,
          "attributes": {
            "id": "i-0147fdcfe8e69e796,Name",
            "key": "Name",
            "resource_id": "i-0147fdcfe8e69e796",
            "value": "capillary-web-ui-gateway-blue"
          },
          "sensitive_attributes": []
        }
      ]
    },
    {
      "mode": "managed",
      "type": "aws_ec2_tag",
      "name": "i_0147fdcfe8e69e796_aws_autoscaling_groupName",
      "provider": "provider[\"registry.terraform.io/hashicorp/aws\"]",
      "instances": [
        {
          "schema_version": 0,
          "attributes": {
            "id": "i-0147fdcfe8e69e796,aws:autoscaling:groupName",
            "key": "aws:autoscaling:groupName",
            "resource_id": "i-0147fdcfe8e69e796",
            "value": "awseb-e-bner7vhrif-stack-AWSEBAutoScalingGroup-1ROG3ORZMMX48"
          },
          "sensitive_attributes": []
        }
      ]
    },
    {
      "mode": "managed",
      "type": "aws_ec2_tag",
      "name": "i_0147fdcfe8e69e796_aws_cloudformation_logical_id",
      "provider": "provider[\"registry.terraform.io/hashicorp/aws\"]",
      "instances": [
        {
          "schema_version": 0,
          "attributes": {
            "id": "i-0147fdcfe8e69e796,aws:cloudformation:logical-id",
            "key": "aws:cloudformation:logical-id",
            "resource_id": "i-0147fdcfe8e69e796",
            "value": "AWSEBAutoScalingGroup"
          },
          "sensitive_attributes": []
        }
      ]
    },
    {
      "mode": "managed",
      "type": "aws_ec2_tag",
      "name": "i_0147fdcfe8e69e796_aws_cloudformation_stack_id",
      "provider": "provider[\"registry.terraform.io/hashicorp/aws\"]",
      "instances": [
        {
          "schema_version": 0,
          "attributes": {
            "id": "i-0147fdcfe8e69e796,aws:cloudformation:stack-id",
            "key": "aws:cloudformation:stack-id",
            "resource_id": "i-0147fdcfe8e69e796",
            "value": "arn:aws-us-gov:cloudformation:us-gov-west-1:050779347855:stack/awseb-e-bner7vhrif-stack/a9b89740-9c35-11ed-b355-02a85871835c"
          },
          "sensitive_attributes": []
        }
      ]
    },
    {
      "mode": "managed",
      "type": "aws_ec2_tag",
      "name": "i_0147fdcfe8e69e796_aws_cloudformation_stack_name",
      "provider": "provider[\"registry.terraform.io/hashicorp/aws\"]",
      "instances": [
        {
          "schema_version": 0,
          "attributes": {
            "id": "i-0147fdcfe8e69e796,aws:cloudformation:stack-name",
            "key": "aws:cloudformation:stack-name",
            "resource_id": "i-0147fdcfe8e69e796",
            "value": "awseb-e-bner7vhrif-stack"
          },
          "sensitive_attributes": []
        }
      ]
    },
    {
      "mode": "managed",
      "type": "aws_ec2_tag",
      "name": "i_0147fdcfe8e69e796_elasticbeanstalk_environment_id",
      "provider": "provider[\"registry.terraform.io/hashicorp/aws\"]",
      "instances": [
        {
          "schema_version": 0,
          "attributes": {
            "id": "i-0147fdcfe8e69e796,elasticbeanstalk:environment-id",
            "key": "elasticbeanstalk:environment-id",
            "resource_id": "i-0147fdcfe8e69e796",
            "value": "e-bner7vhrif"
          },
          "sensitive_attributes": []
        }
      ]
    },
    {
      "mode": "managed",
      "type": "aws_ec2_tag",
      "name": "i_0147fdcfe8e69e796_elasticbeanstalk_environment_name",
      "provider": "provider[\"registry.terraform.io/hashicorp/aws\"]",
      "instances": [
        {
          "schema_version": 0,
          "attributes": {
            "id": "i-0147fdcfe8e69e796,elasticbeanstalk:environment-name",
            "key": "elasticbeanstalk:environment-name",
            "resource_id": "i-0147fdcfe8e69e796",
            "value": "capillary-web-ui-gateway-blue"
          },
          "sensitive_attributes": []
        }
      ]
    },
    {
      "mode": "managed",
      "type": "aws_ec2_tag",
      "name": "i_01c9e4f8de66c969d_Name",
      "provider": "provider[\"registry.terraform.io/hashicorp/aws\"]",
      "instances": [
        {
          "schema_version": 0,
          "attributes": {
            "id": "i-01c9e4f8de66c969d,Name",
            "key": "Name",
            "resource_id": "i-01c9e4f8de66c969d",
            "value": "dbt-clinician-web-green"
          },
          "sensitive_attributes": []
        }
      ]
    },
    {
      "mode": "managed",
      "type": "aws_ec2_tag",
      "name": "i_01c9e4f8de66c969d_aws_autoscaling_groupName",
      "provider": "provider[\"registry.terraform.io/hashicorp/aws\"]",
      "instances": [
        {
          "schema_version": 0,
          "attributes": {
            "id": "i-01c9e4f8de66c969d,aws:autoscaling:groupName",
            "key": "aws:autoscaling:groupName",
            "resource_id": "i-01c9e4f8de66c969d",
            "value": "awseb-e-jgrjparfpf-stack-AWSEBAutoScalingGroup-NCF5DZ76ITDN"
          },
          "sensitive_attributes": []
        }
      ]
    },
    {
      "mode": "managed",
      "type": "aws_ec2_tag",
      "name": "i_01c9e4f8de66c969d_aws_cloudformation_logical_id",
      "provider": "provider[\"registry.terraform.io/hashicorp/aws\"]",
      "instances": [
        {
          "schema_version": 0,
          "attributes": {
            "id": "i-01c9e4f8de66c969d,aws:cloudformation:logical-id",
            "key": "aws:cloudformation:logical-id",
            "resource_id": "i-01c9e4f8de66c969d",
            "value": "AWSEBAutoScalingGroup"
          },
          "sensitive_attributes": []
        }
      ]
    },
    {
      "mode": "managed",
      "type": "aws_ec2_tag",
      "name": "i_01c9e4f8de66c969d_aws_cloudformation_stack_id",
      "provider": "provider[\"registry.terraform.io/hashicorp/aws\"]",
      "instances": [
        {
          "schema_version": 0,
          "attributes": {
            "id": "i-01c9e4f8de66c969d,aws:cloudformation:stack-id",
            "key": "aws:cloudformation:stack-id",
            "resource_id": "i-01c9e4f8de66c969d",
            "value": "arn:aws-us-gov:cloudformation:us-gov-west-1:050779347855:stack/awseb-e-jgrjparfpf-stack/0f1615a0-1fe9-11ed-b252-06ca4f445a66"
          },
          "sensitive_attributes": []
        }
      ]
    },
    {
      "mode": "managed",
      "type": "aws_ec2_tag",
      "name": "i_01c9e4f8de66c969d_aws_cloudformation_stack_name",
      "provider": "provider[\"registry.terraform.io/hashicorp/aws\"]",
      "instances": [
        {
          "schema_version": 0,
          "attributes": {
            "id": "i-01c9e4f8de66c969d,aws:cloudformation:stack-name",
            "key": "aws:cloudformation:stack-name",
            "resource_id": "i-01c9e4f8de66c969d",
            "value": "awseb-e-jgrjparfpf-stack"
          },
          "sensitive_attributes": []
        }
      ]
    },
    {
      "mode": "managed",
      "type": "aws_ec2_tag",
      "name": "i_01c9e4f8de66c969d_elasticbeanstalk_environment_id",
      "provider": "provider[\"registry.terraform.io/hashicorp/aws\"]",
      "instances": [
        {
          "schema_version": 0,
          "attributes": {
            "id": "i-01c9e4f8de66c969d,elasticbeanstalk:environment-id",
            "key": "elasticbeanstalk:environment-id",
            "resource_id": "i-01c9e4f8de66c969d",
            "value": "e-jgrjparfpf"
          },
          "sensitive_attributes": []
        }
      ]
    },
    {
      "mode": "managed",
      "type": "aws_ec2_tag",
      "name": "i_01c9e4f8de66c969d_elasticbeanstalk_environment_name",
      "provider": "provider[\"registry.terraform.io/hashicorp/aws\"]",
      "instances": [
        {
          "schema_version": 0,
          "attributes": {
            "id": "i-01c9e4f8de66c969d,elasticbeanstalk:environment-name",
            "key": "elasticbeanstalk:environment-name",
            "resource_id": "i-01c9e4f8de66c969d",
            "value": "dbt-clinician-web-green"
          },
          "sensitive_attributes": []
        }
      ]
    },
    {
      "mode": "managed",
      "type": "aws_ec2_tag",
      "name": "i_0218964c46045b5ed_Name",
      "provider": "provider[\"registry.terraform.io/hashicorp/aws\"]",
      "instances": [
        {
          "schema_version": 0,
          "attributes": {
            "id": "i-0218964c46045b5ed,Name",
            "key": "Name",
            "resource_id": "i-0218964c46045b5ed",
            "value": "internal-services-gateway-green"
          },
          "sensitive_attributes": []
        }
      ]
    },
    {
      "mode": "managed",
      "type": "aws_ec2_tag",
      "name": "i_0218964c46045b5ed_aws_autoscaling_groupName",
      "provider": "provider[\"registry.terraform.io/hashicorp/aws\"]",
      "instances": [
        {
          "schema_version": 0,
          "attributes": {
            "id": "i-0218964c46045b5ed,aws:autoscaling:groupName",
            "key": "aws:autoscaling:groupName",
            "resource_id": "i-0218964c46045b5ed",
            "value": "awseb-e-yd9s5vvfgp-stack-AWSEBAutoScalingGroup-NT4M6B5ZTDEQ"
          },
          "sensitive_attributes": []
        }
      ]
    },
    {
      "mode": "managed",
      "type": "aws_ec2_tag",
      "name": "i_0218964c46045b5ed_aws_cloudformation_logical_id",
      "provider": "provider[\"registry.terraform.io/hashicorp/aws\"]",
      "instances": [
        {
          "schema_version": 0,
          "attributes": {
            "id": "i-0218964c46045b5ed,aws:cloudformation:logical-id",
            "key": "aws:cloudformation:logical-id",
            "resource_id": "i-0218964c46045b5ed",
            "value": "AWSEBAutoScalingGroup"
          },
          "sensitive_attributes": []
        }
      ]
    },
    {
      "mode": "managed",
      "type": "aws_ec2_tag",
      "name": "i_0218964c46045b5ed_aws_cloudformation_stack_id",
      "provider": "provider[\"registry.terraform.io/hashicorp/aws\"]",
      "instances": [
        {
          "schema_version": 0,
          "attributes": {
            "id": "i-0218964c46045b5ed,aws:cloudformation:stack-id",
            "key": "aws:cloudformation:stack-id",
            "resource_id": "i-0218964c46045b5ed",
            "value": "arn:aws-us-gov:cloudformation:us-gov-west-1:050779347855:stack/awseb-e-yd9s5vvfgp-stack/1e4152c0-ef37-11ec-a650-0609d503b30c"
          },
          "sensitive_attributes": []
        }
      ]
    },
    {
      "mode": "managed",
      "type": "aws_ec2_tag",
      "name": "i_0218964c46045b5ed_aws_cloudformation_stack_name",
      "provider": "provider[\"registry.terraform.io/hashicorp/aws\"]",
      "instances": [
        {
          "schema_version": 0,
          "attributes": {
            "id": "i-0218964c46045b5ed,aws:cloudformation:stack-name",
            "key": "aws:cloudformation:stack-name",
            "resource_id": "i-0218964c46045b5ed",
            "value": "awseb-e-yd9s5vvfgp-stack"
          },
          "sensitive_attributes": []
        }
      ]
    },
    {
      "mode": "managed",
      "type": "aws_ec2_tag",
      "name": "i_0218964c46045b5ed_elasticbeanstalk_environment_id",
      "provider": "provider[\"registry.terraform.io/hashicorp/aws\"]",
      "instances": [
        {
          "schema_version": 0,
          "attributes": {
            "id": "i-0218964c46045b5ed,elasticbeanstalk:environment-id",
            "key": "elasticbeanstalk:environment-id",
            "resource_id": "i-0218964c46045b5ed",
            "value": "e-yd9s5vvfgp"
          },
          "sensitive_attributes": []
        }
      ]
    },
    {
      "mode": "managed",
      "type": "aws_ec2_tag",
      "name": "i_0218964c46045b5ed_elasticbeanstalk_environment_name",
      "provider": "provider[\"registry.terraform.io/hashicorp/aws\"]",
      "instances": [
        {
          "schema_version": 0,
          "attributes": {
            "id": "i-0218964c46045b5ed,elasticbeanstalk:environment-name",
            "key": "elasticbeanstalk:environment-name",
            "resource_id": "i-0218964c46045b5ed",
            "value": "internal-services-gateway-green"
          },
          "sensitive_attributes": []
        }
      ]
    },
    {
      "mode": "managed",
      "type": "aws_ec2_tag",
      "name": "i_0262933b142ba0db1_Name",
      "provider": "provider[\"registry.terraform.io/hashicorp/aws\"]",
      "instances": [
        {
          "schema_version": 0,
          "attributes": {
            "id": "i-0262933b142ba0db1,Name",
            "key": "Name",
            "resource_id": "i-0262933b142ba0db1",
            "value": "market-service-green"
          },
          "sensitive_attributes": []
        }
      ]
    },
    {
      "mode": "managed",
      "type": "aws_ec2_tag",
      "name": "i_0262933b142ba0db1_aws_autoscaling_groupName",
      "provider": "provider[\"registry.terraform.io/hashicorp/aws\"]",
      "instances": [
        {
          "schema_version": 0,
          "attributes": {
            "id": "i-0262933b142ba0db1,aws:autoscaling:groupName",
            "key": "aws:autoscaling:groupName",
            "resource_id": "i-0262933b142ba0db1",
            "value": "awseb-e-jhagz8maay-stack-AWSEBAutoScalingGroup-1M93QZILI7GQN"
          },
          "sensitive_attributes": []
        }
      ]
    },
    {
      "mode": "managed",
      "type": "aws_ec2_tag",
      "name": "i_0262933b142ba0db1_aws_cloudformation_logical_id",
      "provider": "provider[\"registry.terraform.io/hashicorp/aws\"]",
      "instances": [
        {
          "schema_version": 0,
          "attributes": {
            "id": "i-0262933b142ba0db1,aws:cloudformation:logical-id",
            "key": "aws:cloudformation:logical-id",
            "resource_id": "i-0262933b142ba0db1",
            "value": "AWSEBAutoScalingGroup"
          },
          "sensitive_attributes": []
        }
      ]
    },
    {
      "mode": "managed",
      "type": "aws_ec2_tag",
      "name": "i_0262933b142ba0db1_aws_cloudformation_stack_id",
      "provider": "provider[\"registry.terraform.io/hashicorp/aws\"]",
      "instances": [
        {
          "schema_version": 0,
          "attributes": {
            "id": "i-0262933b142ba0db1,aws:cloudformation:stack-id",
            "key": "aws:cloudformation:stack-id",
            "resource_id": "i-0262933b142ba0db1",
            "value": "arn:aws-us-gov:cloudformation:us-gov-west-1:050779347855:stack/awseb-e-jhagz8maay-stack/d1a03680-cda1-11ed-8935-06938baa4238"
          },
          "sensitive_attributes": []
        }
      ]
    },
    {
      "mode": "managed",
      "type": "aws_ec2_tag",
      "name": "i_0262933b142ba0db1_aws_cloudformation_stack_name",
      "provider": "provider[\"registry.terraform.io/hashicorp/aws\"]",
      "instances": [
        {
          "schema_version": 0,
          "attributes": {
            "id": "i-0262933b142ba0db1,aws:cloudformation:stack-name",
            "key": "aws:cloudformation:stack-name",
            "resource_id": "i-0262933b142ba0db1",
            "value": "awseb-e-jhagz8maay-stack"
          },
          "sensitive_attributes": []
        }
      ]
    },
    {
      "mode": "managed",
      "type": "aws_ec2_tag",
      "name": "i_0262933b142ba0db1_elasticbeanstalk_environment_id",
      "provider": "provider[\"registry.terraform.io/hashicorp/aws\"]",
      "instances": [
        {
          "schema_version": 0,
          "attributes": {
            "id": "i-0262933b142ba0db1,elasticbeanstalk:environment-id",
            "key": "elasticbeanstalk:environment-id",
            "resource_id": "i-0262933b142ba0db1",
            "value": "e-jhagz8maay"
          },
          "sensitive_attributes": []
        }
      ]
    },
    {
      "mode": "managed",
      "type": "aws_ec2_tag",
      "name": "i_0262933b142ba0db1_elasticbeanstalk_environment_name",
      "provider": "provider[\"registry.terraform.io/hashicorp/aws\"]",
      "instances": [
        {
          "schema_version": 0,
          "attributes": {
            "id": "i-0262933b142ba0db1,elasticbeanstalk:environment-name",
            "key": "elasticbeanstalk:environment-name",
            "resource_id": "i-0262933b142ba0db1",
            "value": "market-service-green"
          },
          "sensitive_attributes": []
        }
      ]
    },
    {
      "mode": "managed",
      "type": "aws_ec2_tag",
      "name": "i_0326b5561dd4c3da0_Name",
      "provider": "provider[\"registry.terraform.io/hashicorp/aws\"]",
      "instances": [
        {
          "schema_version": 0,
          "attributes": {
            "id": "i-0326b5561dd4c3da0,Name",
            "key": "Name",
            "resource_id": "i-0326b5561dd4c3da0",
            "value": "mobile-client-gateway-blue"
          },
          "sensitive_attributes": []
        }
      ]
    },
    {
      "mode": "managed",
      "type": "aws_ec2_tag",
      "name": "i_0326b5561dd4c3da0_aws_autoscaling_groupName",
      "provider": "provider[\"registry.terraform.io/hashicorp/aws\"]",
      "instances": [
        {
          "schema_version": 0,
          "attributes": {
            "id": "i-0326b5561dd4c3da0,aws:autoscaling:groupName",
            "key": "aws:autoscaling:groupName",
            "resource_id": "i-0326b5561dd4c3da0",
            "value": "awseb-e-pcw37ypdme-stack-AWSEBAutoScalingGroup-165D32JDYUA6O"
          },
          "sensitive_attributes": []
        }
      ]
    },
    {
      "mode": "managed",
      "type": "aws_ec2_tag",
      "name": "i_0326b5561dd4c3da0_aws_cloudformation_logical_id",
      "provider": "provider[\"registry.terraform.io/hashicorp/aws\"]",
      "instances": [
        {
          "schema_version": 0,
          "attributes": {
            "id": "i-0326b5561dd4c3da0,aws:cloudformation:logical-id",
            "key": "aws:cloudformation:logical-id",
            "resource_id": "i-0326b5561dd4c3da0",
            "value": "AWSEBAutoScalingGroup"
          },
          "sensitive_attributes": []
        }
      ]
    },
    {
      "mode": "managed",
      "type": "aws_ec2_tag",
      "name": "i_0326b5561dd4c3da0_aws_cloudformation_stack_id",
      "provider": "provider[\"registry.terraform.io/hashicorp/aws\"]",
      "instances": [
        {
          "schema_version": 0,
          "attributes": {
            "id": "i-0326b5561dd4c3da0,aws:cloudformation:stack-id",
            "key": "aws:cloudformation:stack-id",
            "resource_id": "i-0326b5561dd4c3da0",
            "value": "arn:aws-us-gov:cloudformation:us-gov-west-1:050779347855:stack/awseb-e-pcw37ypdme-stack/d4f8d370-c345-11ed-bba7-02cbd686710c"
          },
          "sensitive_attributes": []
        }
      ]
    },
    {
      "mode": "managed",
      "type": "aws_ec2_tag",
      "name": "i_0326b5561dd4c3da0_aws_cloudformation_stack_name",
      "provider": "provider[\"registry.terraform.io/hashicorp/aws\"]",
      "instances": [
        {
          "schema_version": 0,
          "attributes": {
            "id": "i-0326b5561dd4c3da0,aws:cloudformation:stack-name",
            "key": "aws:cloudformation:stack-name",
            "resource_id": "i-0326b5561dd4c3da0",
            "value": "awseb-e-pcw37ypdme-stack"
          },
          "sensitive_attributes": []
        }
      ]
    },
    {
      "mode": "managed",
      "type": "aws_ec2_tag",
      "name": "i_0326b5561dd4c3da0_elasticbeanstalk_environment_id",
      "provider": "provider[\"registry.terraform.io/hashicorp/aws\"]",
      "instances": [
        {
          "schema_version": 0,
          "attributes": {
            "id": "i-0326b5561dd4c3da0,elasticbeanstalk:environment-id",
            "key": "elasticbeanstalk:environment-id",
            "resource_id": "i-0326b5561dd4c3da0",
            "value": "e-pcw37ypdme"
          },
          "sensitive_attributes": []
        }
      ]
    },
    {
      "mode": "managed",
      "type": "aws_ec2_tag",
      "name": "i_0326b5561dd4c3da0_elasticbeanstalk_environment_name",
      "provider": "provider[\"registry.terraform.io/hashicorp/aws\"]",
      "instances": [
        {
          "schema_version": 0,
          "attributes": {
            "id": "i-0326b5561dd4c3da0,elasticbeanstalk:environment-name",
            "key": "elasticbeanstalk:environment-name",
            "resource_id": "i-0326b5561dd4c3da0",
            "value": "mobile-client-gateway-blue"
          },
          "sensitive_attributes": []
        }
      ]
    },
    {
      "mode": "managed",
      "type": "aws_ec2_tag",
      "name": "i_03eb275e893951265_Name",
      "provider": "provider[\"registry.terraform.io/hashicorp/aws\"]",
      "instances": [
        {
          "schema_version": 0,
          "attributes": {
            "id": "i-03eb275e893951265,Name",
            "key": "Name",
            "resource_id": "i-03eb275e893951265",
            "value": "collaboration-person-blue"
          },
          "sensitive_attributes": []
        }
      ]
    },
    {
      "mode": "managed",
      "type": "aws_ec2_tag",
      "name": "i_03eb275e893951265_aws_autoscaling_groupName",
      "provider": "provider[\"registry.terraform.io/hashicorp/aws\"]",
      "instances": [
        {
          "schema_version": 0,
          "attributes": {
            "id": "i-03eb275e893951265,aws:autoscaling:groupName",
            "key": "aws:autoscaling:groupName",
            "resource_id": "i-03eb275e893951265",
            "value": "awseb-e-3evreti3za-stack-AWSEBAutoScalingGroup-1B0EJVZQ6UQV9"
          },
          "sensitive_attributes": []
        }
      ]
    },
    {
      "mode": "managed",
      "type": "aws_ec2_tag",
      "name": "i_03eb275e893951265_aws_cloudformation_logical_id",
      "provider": "provider[\"registry.terraform.io/hashicorp/aws\"]",
      "instances": [
        {
          "schema_version": 0,
          "attributes": {
            "id": "i-03eb275e893951265,aws:cloudformation:logical-id",
            "key": "aws:cloudformation:logical-id",
            "resource_id": "i-03eb275e893951265",
            "value": "AWSEBAutoScalingGroup"
          },
          "sensitive_attributes": []
        }
      ]
    },
    {
      "mode": "managed",
      "type": "aws_ec2_tag",
      "name": "i_03eb275e893951265_aws_cloudformation_stack_id",
      "provider": "provider[\"registry.terraform.io/hashicorp/aws\"]",
      "instances": [
        {
          "schema_version": 0,
          "attributes": {
            "id": "i-03eb275e893951265,aws:cloudformation:stack-id",
            "key": "aws:cloudformation:stack-id",
            "resource_id": "i-03eb275e893951265",
            "value": "arn:aws-us-gov:cloudformation:us-gov-west-1:050779347855:stack/awseb-e-3evreti3za-stack/f241c380-0395-11ed-b8bd-0283434cac1e"
          },
          "sensitive_attributes": []
        }
      ]
    },
    {
      "mode": "managed",
      "type": "aws_ec2_tag",
      "name": "i_03eb275e893951265_aws_cloudformation_stack_name",
      "provider": "provider[\"registry.terraform.io/hashicorp/aws\"]",
      "instances": [
        {
          "schema_version": 0,
          "attributes": {
            "id": "i-03eb275e893951265,aws:cloudformation:stack-name",
            "key": "aws:cloudformation:stack-name",
            "resource_id": "i-03eb275e893951265",
            "value": "awseb-e-3evreti3za-stack"
          },
          "sensitive_attributes": []
        }
      ]
    },
    {
      "mode": "managed",
      "type": "aws_ec2_tag",
      "name": "i_03eb275e893951265_elasticbeanstalk_environment_id",
      "provider": "provider[\"registry.terraform.io/hashicorp/aws\"]",
      "instances": [
        {
          "schema_version": 0,
          "attributes": {
            "id": "i-03eb275e893951265,elasticbeanstalk:environment-id",
            "key": "elasticbeanstalk:environment-id",
            "resource_id": "i-03eb275e893951265",
            "value": "e-3evreti3za"
          },
          "sensitive_attributes": []
        }
      ]
    },
    {
      "mode": "managed",
      "type": "aws_ec2_tag",
      "name": "i_03eb275e893951265_elasticbeanstalk_environment_name",
      "provider": "provider[\"registry.terraform.io/hashicorp/aws\"]",
      "instances": [
        {
          "schema_version": 0,
          "attributes": {
            "id": "i-03eb275e893951265,elasticbeanstalk:environment-name",
            "key": "elasticbeanstalk:environment-name",
            "resource_id": "i-03eb275e893951265",
            "value": "collaboration-person-blue"
          },
          "sensitive_attributes": []
        }
      ]
    },
    {
      "mode": "managed",
      "type": "aws_ec2_tag",
      "name": "i_04f9941552f1cc5d5_Name",
      "provider": "provider[\"registry.terraform.io/hashicorp/aws\"]",
      "instances": [
        {
          "schema_version": 0,
          "attributes": {
            "id": "i-04f9941552f1cc5d5,Name",
            "key": "Name",
            "resource_id": "i-04f9941552f1cc5d5",
            "value": "book-service-blue"
          },
          "sensitive_attributes": []
        }
      ]
    },
    {
      "mode": "managed",
      "type": "aws_ec2_tag",
      "name": "i_04f9941552f1cc5d5_aws_autoscaling_groupName",
      "provider": "provider[\"registry.terraform.io/hashicorp/aws\"]",
      "instances": [
        {
          "schema_version": 0,
          "attributes": {
            "id": "i-04f9941552f1cc5d5,aws:autoscaling:groupName",
            "key": "aws:autoscaling:groupName",
            "resource_id": "i-04f9941552f1cc5d5",
            "value": "awseb-e-fmzgrfkcqp-stack-AWSEBAutoScalingGroup-VMGLQ3UKK1KY"
          },
          "sensitive_attributes": []
        }
      ]
    },
    {
      "mode": "managed",
      "type": "aws_ec2_tag",
      "name": "i_04f9941552f1cc5d5_aws_cloudformation_logical_id",
      "provider": "provider[\"registry.terraform.io/hashicorp/aws\"]",
      "instances": [
        {
          "schema_version": 0,
          "attributes": {
            "id": "i-04f9941552f1cc5d5,aws:cloudformation:logical-id",
            "key": "aws:cloudformation:logical-id",
            "resource_id": "i-04f9941552f1cc5d5",
            "value": "AWSEBAutoScalingGroup"
          },
          "sensitive_attributes": []
        }
      ]
    },
    {
      "mode": "managed",
      "type": "aws_ec2_tag",
      "name": "i_04f9941552f1cc5d5_aws_cloudformation_stack_id",
      "provider": "provider[\"registry.terraform.io/hashicorp/aws\"]",
      "instances": [
        {
          "schema_version": 0,
          "attributes": {
            "id": "i-04f9941552f1cc5d5,aws:cloudformation:stack-id",
            "key": "aws:cloudformation:stack-id",
            "resource_id": "i-04f9941552f1cc5d5",
            "value": "arn:aws-us-gov:cloudformation:us-gov-west-1:050779347855:stack/awseb-e-fmzgrfkcqp-stack/c8a2cd90-a17d-11ed-be8e-06938baa4238"
          },
          "sensitive_attributes": []
        }
      ]
    },
    {
      "mode": "managed",
      "type": "aws_ec2_tag",
      "name": "i_04f9941552f1cc5d5_aws_cloudformation_stack_name",
      "provider": "provider[\"registry.terraform.io/hashicorp/aws\"]",
      "instances": [
        {
          "schema_version": 0,
          "attributes": {
            "id": "i-04f9941552f1cc5d5,aws:cloudformation:stack-name",
            "key": "aws:cloudformation:stack-name",
            "resource_id": "i-04f9941552f1cc5d5",
            "value": "awseb-e-fmzgrfkcqp-stack"
          },
          "sensitive_attributes": []
        }
      ]
    },
    {
      "mode": "managed",
      "type": "aws_ec2_tag",
      "name": "i_04f9941552f1cc5d5_elasticbeanstalk_environment_id",
      "provider": "provider[\"registry.terraform.io/hashicorp/aws\"]",
      "instances": [
        {
          "schema_version": 0,
          "attributes": {
            "id": "i-04f9941552f1cc5d5,elasticbeanstalk:environment-id",
            "key": "elasticbeanstalk:environment-id",
            "resource_id": "i-04f9941552f1cc5d5",
            "value": "e-fmzgrfkcqp"
          },
          "sensitive_attributes": []
        }
      ]
    },
    {
      "mode": "managed",
      "type": "aws_ec2_tag",
      "name": "i_04f9941552f1cc5d5_elasticbeanstalk_environment_name",
      "provider": "provider[\"registry.terraform.io/hashicorp/aws\"]",
      "instances": [
        {
          "schema_version": 0,
          "attributes": {
            "id": "i-04f9941552f1cc5d5,elasticbeanstalk:environment-name",
            "key": "elasticbeanstalk:environment-name",
            "resource_id": "i-04f9941552f1cc5d5",
            "value": "book-service-blue"
          },
          "sensitive_attributes": []
        }
      ]
    },
    {
      "mode": "managed",
      "type": "aws_ec2_tag",
      "name": "i_05128580794a1eff8_Name",
      "provider": "provider[\"registry.terraform.io/hashicorp/aws\"]",
      "instances": [
        {
          "schema_version": 0,
          "attributes": {
            "id": "i-05128580794a1eff8,Name",
            "key": "Name",
            "resource_id": "i-05128580794a1eff8",
            "value": "identity-service-blue"
          },
          "sensitive_attributes": []
        }
      ]
    },
    {
      "mode": "managed",
      "type": "aws_ec2_tag",
      "name": "i_05128580794a1eff8_aws_autoscaling_groupName",
      "provider": "provider[\"registry.terraform.io/hashicorp/aws\"]",
      "instances": [
        {
          "schema_version": 0,
          "attributes": {
            "id": "i-05128580794a1eff8,aws:autoscaling:groupName",
            "key": "aws:autoscaling:groupName",
            "resource_id": "i-05128580794a1eff8",
            "value": "awseb-e-udanqbam3f-stack-AWSEBAutoScalingGroup-1PJGCX54MJZVZ"
          },
          "sensitive_attributes": []
        }
      ]
    },
    {
      "mode": "managed",
      "type": "aws_ec2_tag",
      "name": "i_05128580794a1eff8_aws_cloudformation_logical_id",
      "provider": "provider[\"registry.terraform.io/hashicorp/aws\"]",
      "instances": [
        {
          "schema_version": 0,
          "attributes": {
            "id": "i-05128580794a1eff8,aws:cloudformation:logical-id",
            "key": "aws:cloudformation:logical-id",
            "resource_id": "i-05128580794a1eff8",
            "value": "AWSEBAutoScalingGroup"
          },
          "sensitive_attributes": []
        }
      ]
    },
    {
      "mode": "managed",
      "type": "aws_ec2_tag",
      "name": "i_05128580794a1eff8_aws_cloudformation_stack_id",
      "provider": "provider[\"registry.terraform.io/hashicorp/aws\"]",
      "instances": [
        {
          "schema_version": 0,
          "attributes": {
            "id": "i-05128580794a1eff8,aws:cloudformation:stack-id",
            "key": "aws:cloudformation:stack-id",
            "resource_id": "i-05128580794a1eff8",
            "value": "arn:aws-us-gov:cloudformation:us-gov-west-1:050779347855:stack/awseb-e-udanqbam3f-stack/ad65d410-55a5-11ed-bcb9-06a846c75e3e"
          },
          "sensitive_attributes": []
        }
      ]
    },
    {
      "mode": "managed",
      "type": "aws_ec2_tag",
      "name": "i_05128580794a1eff8_aws_cloudformation_stack_name",
      "provider": "provider[\"registry.terraform.io/hashicorp/aws\"]",
      "instances": [
        {
          "schema_version": 0,
          "attributes": {
            "id": "i-05128580794a1eff8,aws:cloudformation:stack-name",
            "key": "aws:cloudformation:stack-name",
            "resource_id": "i-05128580794a1eff8",
            "value": "awseb-e-udanqbam3f-stack"
          },
          "sensitive_attributes": []
        }
      ]
    },
    {
      "mode": "managed",
      "type": "aws_ec2_tag",
      "name": "i_05128580794a1eff8_elasticbeanstalk_environment_id",
      "provider": "provider[\"registry.terraform.io/hashicorp/aws\"]",
      "instances": [
        {
          "schema_version": 0,
          "attributes": {
            "id": "i-05128580794a1eff8,elasticbeanstalk:environment-id",
            "key": "elasticbeanstalk:environment-id",
            "resource_id": "i-05128580794a1eff8",
            "value": "e-udanqbam3f"
          },
          "sensitive_attributes": []
        }
      ]
    },
    {
      "mode": "managed",
      "type": "aws_ec2_tag",
      "name": "i_05128580794a1eff8_elasticbeanstalk_environment_name",
      "provider": "provider[\"registry.terraform.io/hashicorp/aws\"]",
      "instances": [
        {
          "schema_version": 0,
          "attributes": {
            "id": "i-05128580794a1eff8,elasticbeanstalk:environment-name",
            "key": "elasticbeanstalk:environment-name",
            "resource_id": "i-05128580794a1eff8",
            "value": "identity-service-blue"
          },
          "sensitive_attributes": []
        }
      ]
    },
    {
      "mode": "managed",
      "type": "aws_ec2_tag",
      "name": "i_054e9f5b39c2bb58e_Name",
      "provider": "provider[\"registry.terraform.io/hashicorp/aws\"]",
      "instances": [
        {
          "schema_version": 0,
          "attributes": {
            "id": "i-054e9f5b39c2bb58e,Name",
            "key": "Name",
            "resource_id": "i-054e9f5b39c2bb58e",
            "value": "learner-web-ui-gateway-green"
          },
          "sensitive_attributes": []
        }
      ]
    },
    {
      "mode": "managed",
      "type": "aws_ec2_tag",
      "name": "i_054e9f5b39c2bb58e_aws_autoscaling_groupName",
      "provider": "provider[\"registry.terraform.io/hashicorp/aws\"]",
      "instances": [
        {
          "schema_version": 0,
          "attributes": {
            "id": "i-054e9f5b39c2bb58e,aws:autoscaling:groupName",
            "key": "aws:autoscaling:groupName",
            "resource_id": "i-054e9f5b39c2bb58e",
            "value": "awseb-e-rwv222b3qp-stack-AWSEBAutoScalingGroup-1MLNCOGIT8AIV"
          },
          "sensitive_attributes": []
        }
      ]
    },
    {
      "mode": "managed",
      "type": "aws_ec2_tag",
      "name": "i_054e9f5b39c2bb58e_aws_cloudformation_logical_id",
      "provider": "provider[\"registry.terraform.io/hashicorp/aws\"]",
      "instances": [
        {
          "schema_version": 0,
          "attributes": {
            "id": "i-054e9f5b39c2bb58e,aws:cloudformation:logical-id",
            "key": "aws:cloudformation:logical-id",
            "resource_id": "i-054e9f5b39c2bb58e",
            "value": "AWSEBAutoScalingGroup"
          },
          "sensitive_attributes": []
        }
      ]
    },
    {
      "mode": "managed",
      "type": "aws_ec2_tag",
      "name": "i_054e9f5b39c2bb58e_aws_cloudformation_stack_id",
      "provider": "provider[\"registry.terraform.io/hashicorp/aws\"]",
      "instances": [
        {
          "schema_version": 0,
          "attributes": {
            "id": "i-054e9f5b39c2bb58e,aws:cloudformation:stack-id",
            "key": "aws:cloudformation:stack-id",
            "resource_id": "i-054e9f5b39c2bb58e",
            "value": "arn:aws-us-gov:cloudformation:us-gov-west-1:050779347855:stack/awseb-e-rwv222b3qp-stack/8ac75ef0-7fea-11ed-829e-025d4eaecce2"
          },
          "sensitive_attributes": []
        }
      ]
    },
    {
      "mode": "managed",
      "type": "aws_ec2_tag",
      "name": "i_054e9f5b39c2bb58e_aws_cloudformation_stack_name",
      "provider": "provider[\"registry.terraform.io/hashicorp/aws\"]",
      "instances": [
        {
          "schema_version": 0,
          "attributes": {
            "id": "i-054e9f5b39c2bb58e,aws:cloudformation:stack-name",
            "key": "aws:cloudformation:stack-name",
            "resource_id": "i-054e9f5b39c2bb58e",
            "value": "awseb-e-rwv222b3qp-stack"
          },
          "sensitive_attributes": []
        }
      ]
    },
    {
      "mode": "managed",
      "type": "aws_ec2_tag",
      "name": "i_054e9f5b39c2bb58e_elasticbeanstalk_environment_id",
      "provider": "provider[\"registry.terraform.io/hashicorp/aws\"]",
      "instances": [
        {
          "schema_version": 0,
          "attributes": {
            "id": "i-054e9f5b39c2bb58e,elasticbeanstalk:environment-id",
            "key": "elasticbeanstalk:environment-id",
            "resource_id": "i-054e9f5b39c2bb58e",
            "value": "e-rwv222b3qp"
          },
          "sensitive_attributes": []
        }
      ]
    },
    {
      "mode": "managed",
      "type": "aws_ec2_tag",
      "name": "i_054e9f5b39c2bb58e_elasticbeanstalk_environment_name",
      "provider": "provider[\"registry.terraform.io/hashicorp/aws\"]",
      "instances": [
        {
          "schema_version": 0,
          "attributes": {
            "id": "i-054e9f5b39c2bb58e,elasticbeanstalk:environment-name",
            "key": "elasticbeanstalk:environment-name",
            "resource_id": "i-054e9f5b39c2bb58e",
            "value": "learner-web-ui-gateway-green"
          },
          "sensitive_attributes": []
        }
      ]
    },
    {
      "mode": "managed",
      "type": "aws_ec2_tag",
      "name": "i_05c05cc8dbf8cfd76_LaunchConfiguration",
      "provider": "provider[\"registry.terraform.io/hashicorp/aws\"]",
      "instances": [
        {
          "schema_version": 0,
          "attributes": {
            "id": "i-05c05cc8dbf8cfd76,LaunchConfiguration",
            "key": "LaunchConfiguration",
            "resource_id": "i-05c05cc8dbf8cfd76",
            "value": "ecs-production-gov-v02-LaunchConfigurationExactlyOnePerAZ-1XQRH2DSGN1SH"
          },
          "sensitive_attributes": []
        }
      ]
    },
    {
      "mode": "managed",
      "type": "aws_ec2_tag",
      "name": "i_05c05cc8dbf8cfd76_Name",
      "provider": "provider[\"registry.terraform.io/hashicorp/aws\"]",
      "instances": [
        {
          "schema_version": 0,
          "attributes": {
            "id": "i-05c05cc8dbf8cfd76,Name",
            "key": "Name",
            "resource_id": "i-05c05cc8dbf8cfd76",
            "value": "ecs-production-gov-v02-container-instance"
          },
          "sensitive_attributes": []
        }
      ]
    },
    {
      "mode": "managed",
      "type": "aws_ec2_tag",
      "name": "i_05c05cc8dbf8cfd76_aws_autoscaling_groupName",
      "provider": "provider[\"registry.terraform.io/hashicorp/aws\"]",
      "instances": [
        {
          "schema_version": 0,
          "attributes": {
            "id": "i-05c05cc8dbf8cfd76,aws:autoscaling:groupName",
            "key": "aws:autoscaling:groupName",
            "resource_id": "i-05c05cc8dbf8cfd76",
            "value": "ecs-production-gov-v02-instance-asg-one-per-az"
          },
          "sensitive_attributes": []
        }
      ]
    },
    {
      "mode": "managed",
      "type": "aws_ec2_tag",
      "name": "i_05c05cc8dbf8cfd76_aws_cloudformation_logical_id",
      "provider": "provider[\"registry.terraform.io/hashicorp/aws\"]",
      "instances": [
        {
          "schema_version": 0,
          "attributes": {
            "id": "i-05c05cc8dbf8cfd76,aws:cloudformation:logical-id",
            "key": "aws:cloudformation:logical-id",
            "resource_id": "i-05c05cc8dbf8cfd76",
            "value": "AutoScalingGroupExactlyOnePerAZ"
          },
          "sensitive_attributes": []
        }
      ]
    },
    {
      "mode": "managed",
      "type": "aws_ec2_tag",
      "name": "i_05c05cc8dbf8cfd76_aws_cloudformation_stack_id",
      "provider": "provider[\"registry.terraform.io/hashicorp/aws\"]",
      "instances": [
        {
          "schema_version": 0,
          "attributes": {
            "id": "i-05c05cc8dbf8cfd76,aws:cloudformation:stack-id",
            "key": "aws:cloudformation:stack-id",
            "resource_id": "i-05c05cc8dbf8cfd76",
            "value": "arn:aws-us-gov:cloudformation:us-gov-west-1:050779347855:stack/ecs-production-gov-v02/80ef7400-a324-11ed-8a25-061a838133f2"
          },
          "sensitive_attributes": []
        }
      ]
    },
    {
      "mode": "managed",
      "type": "aws_ec2_tag",
      "name": "i_05c05cc8dbf8cfd76_aws_cloudformation_stack_name",
      "provider": "provider[\"registry.terraform.io/hashicorp/aws\"]",
      "instances": [
        {
          "schema_version": 0,
          "attributes": {
            "id": "i-05c05cc8dbf8cfd76,aws:cloudformation:stack-name",
            "key": "aws:cloudformation:stack-name",
            "resource_id": "i-05c05cc8dbf8cfd76",
            "value": "ecs-production-gov-v02"
          },
          "sensitive_attributes": []
        }
      ]
    },
    {
      "mode": "managed",
      "type": "aws_ec2_tag",
      "name": "i_0638462115f9b5791_Name",
      "provider": "provider[\"registry.terraform.io/hashicorp/aws\"]",
      "instances": [
        {
          "schema_version": 0,
          "attributes": {
            "id": "i-0638462115f9b5791,Name",
            "key": "Name",
            "resource_id": "i-0638462115f9b5791",
            "value": "book-service-blue"
          },
          "sensitive_attributes": []
        }
      ]
    },
    {
      "mode": "managed",
      "type": "aws_ec2_tag",
      "name": "i_0638462115f9b5791_aws_autoscaling_groupName",
      "provider": "provider[\"registry.terraform.io/hashicorp/aws\"]",
      "instances": [
        {
          "schema_version": 0,
          "attributes": {
            "id": "i-0638462115f9b5791,aws:autoscaling:groupName",
            "key": "aws:autoscaling:groupName",
            "resource_id": "i-0638462115f9b5791",
            "value": "awseb-e-fmzgrfkcqp-stack-AWSEBAutoScalingGroup-VMGLQ3UKK1KY"
          },
          "sensitive_attributes": []
        }
      ]
    },
    {
      "mode": "managed",
      "type": "aws_ec2_tag",
      "name": "i_0638462115f9b5791_aws_cloudformation_logical_id",
      "provider": "provider[\"registry.terraform.io/hashicorp/aws\"]",
      "instances": [
        {
          "schema_version": 0,
          "attributes": {
            "id": "i-0638462115f9b5791,aws:cloudformation:logical-id",
            "key": "aws:cloudformation:logical-id",
            "resource_id": "i-0638462115f9b5791",
            "value": "AWSEBAutoScalingGroup"
          },
          "sensitive_attributes": []
        }
      ]
    },
    {
      "mode": "managed",
      "type": "aws_ec2_tag",
      "name": "i_0638462115f9b5791_aws_cloudformation_stack_id",
      "provider": "provider[\"registry.terraform.io/hashicorp/aws\"]",
      "instances": [
        {
          "schema_version": 0,
          "attributes": {
            "id": "i-0638462115f9b5791,aws:cloudformation:stack-id",
            "key": "aws:cloudformation:stack-id",
            "resource_id": "i-0638462115f9b5791",
            "value": "arn:aws-us-gov:cloudformation:us-gov-west-1:050779347855:stack/awseb-e-fmzgrfkcqp-stack/c8a2cd90-a17d-11ed-be8e-06938baa4238"
          },
          "sensitive_attributes": []
        }
      ]
    },
    {
      "mode": "managed",
      "type": "aws_ec2_tag",
      "name": "i_0638462115f9b5791_aws_cloudformation_stack_name",
      "provider": "provider[\"registry.terraform.io/hashicorp/aws\"]",
      "instances": [
        {
          "schema_version": 0,
          "attributes": {
            "id": "i-0638462115f9b5791,aws:cloudformation:stack-name",
            "key": "aws:cloudformation:stack-name",
            "resource_id": "i-0638462115f9b5791",
            "value": "awseb-e-fmzgrfkcqp-stack"
          },
          "sensitive_attributes": []
        }
      ]
    },
    {
      "mode": "managed",
      "type": "aws_ec2_tag",
      "name": "i_0638462115f9b5791_elasticbeanstalk_environment_id",
      "provider": "provider[\"registry.terraform.io/hashicorp/aws\"]",
      "instances": [
        {
          "schema_version": 0,
          "attributes": {
            "id": "i-0638462115f9b5791,elasticbeanstalk:environment-id",
            "key": "elasticbeanstalk:environment-id",
            "resource_id": "i-0638462115f9b5791",
            "value": "e-fmzgrfkcqp"
          },
          "sensitive_attributes": []
        }
      ]
    },
    {
      "mode": "managed",
      "type": "aws_ec2_tag",
      "name": "i_0638462115f9b5791_elasticbeanstalk_environment_name",
      "provider": "provider[\"registry.terraform.io/hashicorp/aws\"]",
      "instances": [
        {
          "schema_version": 0,
          "attributes": {
            "id": "i-0638462115f9b5791,elasticbeanstalk:environment-name",
            "key": "elasticbeanstalk:environment-name",
            "resource_id": "i-0638462115f9b5791",
            "value": "book-service-blue"
          },
          "sensitive_attributes": []
        }
      ]
    },
    {
      "mode": "managed",
      "type": "aws_ec2_tag",
      "name": "i_06875baad0bc7be5e_Name",
      "provider": "provider[\"registry.terraform.io/hashicorp/aws\"]",
      "instances": [
        {
          "schema_version": 0,
          "attributes": {
            "id": "i-06875baad0bc7be5e,Name",
            "key": "Name",
            "resource_id": "i-06875baad0bc7be5e",
            "value": "core-rds-proxy"
          },
          "sensitive_attributes": []
        }
      ]
    },
    {
      "mode": "managed",
      "type": "aws_ec2_tag",
      "name": "i_07bcdbd56b575f73d_LaunchConfiguration",
      "provider": "provider[\"registry.terraform.io/hashicorp/aws\"]",
      "instances": [
        {
          "schema_version": 0,
          "attributes": {
            "id": "i-07bcdbd56b575f73d,LaunchConfiguration",
            "key": "LaunchConfiguration",
            "resource_id": "i-07bcdbd56b575f73d",
            "value": "ecs-production-gov-v02-LaunchConfigurationExactlyOnePerAZ-1XQRH2DSGN1SH"
          },
          "sensitive_attributes": []
        }
      ]
    },
    {
      "mode": "managed",
      "type": "aws_ec2_tag",
      "name": "i_07bcdbd56b575f73d_Name",
      "provider": "provider[\"registry.terraform.io/hashicorp/aws\"]",
      "instances": [
        {
          "schema_version": 0,
          "attributes": {
            "id": "i-07bcdbd56b575f73d,Name",
            "key": "Name",
            "resource_id": "i-07bcdbd56b575f73d",
            "value": "ecs-production-gov-v02-container-instance"
          },
          "sensitive_attributes": []
        }
      ]
    },
    {
      "mode": "managed",
      "type": "aws_ec2_tag",
      "name": "i_07bcdbd56b575f73d_aws_autoscaling_groupName",
      "provider": "provider[\"registry.terraform.io/hashicorp/aws\"]",
      "instances": [
        {
          "schema_version": 0,
          "attributes": {
            "id": "i-07bcdbd56b575f73d,aws:autoscaling:groupName",
            "key": "aws:autoscaling:groupName",
            "resource_id": "i-07bcdbd56b575f73d",
            "value": "ecs-production-gov-v02-instance-asg-one-per-az"
          },
          "sensitive_attributes": []
        }
      ]
    },
    {
      "mode": "managed",
      "type": "aws_ec2_tag",
      "name": "i_07bcdbd56b575f73d_aws_cloudformation_logical_id",
      "provider": "provider[\"registry.terraform.io/hashicorp/aws\"]",
      "instances": [
        {
          "schema_version": 0,
          "attributes": {
            "id": "i-07bcdbd56b575f73d,aws:cloudformation:logical-id",
            "key": "aws:cloudformation:logical-id",
            "resource_id": "i-07bcdbd56b575f73d",
            "value": "AutoScalingGroupExactlyOnePerAZ"
          },
          "sensitive_attributes": []
        }
      ]
    },
    {
      "mode": "managed",
      "type": "aws_ec2_tag",
      "name": "i_07bcdbd56b575f73d_aws_cloudformation_stack_id",
      "provider": "provider[\"registry.terraform.io/hashicorp/aws\"]",
      "instances": [
        {
          "schema_version": 0,
          "attributes": {
            "id": "i-07bcdbd56b575f73d,aws:cloudformation:stack-id",
            "key": "aws:cloudformation:stack-id",
            "resource_id": "i-07bcdbd56b575f73d",
            "value": "arn:aws-us-gov:cloudformation:us-gov-west-1:050779347855:stack/ecs-production-gov-v02/80ef7400-a324-11ed-8a25-061a838133f2"
          },
          "sensitive_attributes": []
        }
      ]
    },
    {
      "mode": "managed",
      "type": "aws_ec2_tag",
      "name": "i_07bcdbd56b575f73d_aws_cloudformation_stack_name",
      "provider": "provider[\"registry.terraform.io/hashicorp/aws\"]",
      "instances": [
        {
          "schema_version": 0,
          "attributes": {
            "id": "i-07bcdbd56b575f73d,aws:cloudformation:stack-name",
            "key": "aws:cloudformation:stack-name",
            "resource_id": "i-07bcdbd56b575f73d",
            "value": "ecs-production-gov-v02"
          },
          "sensitive_attributes": []
        }
      ]
    },
    {
      "mode": "managed",
      "type": "aws_ec2_tag",
      "name": "i_09e1671d59f89f16a_LaunchConfiguration",
      "provider": "provider[\"registry.terraform.io/hashicorp/aws\"]",
      "instances": [
        {
          "schema_version": 0,
          "attributes": {
            "id": "i-09e1671d59f89f16a,LaunchConfiguration",
            "key": "LaunchConfiguration",
            "resource_id": "i-09e1671d59f89f16a",
            "value": "ecs-production-gov-v02-LaunchConfigurationCapacity-IEGO64TA1MZ"
          },
          "sensitive_attributes": []
        }
      ]
    },
    {
      "mode": "managed",
      "type": "aws_ec2_tag",
      "name": "i_09e1671d59f89f16a_Name",
      "provider": "provider[\"registry.terraform.io/hashicorp/aws\"]",
      "instances": [
        {
          "schema_version": 0,
          "attributes": {
            "id": "i-09e1671d59f89f16a,Name",
            "key": "Name",
            "resource_id": "i-09e1671d59f89f16a",
            "value": "ecs-production-gov-v02-container-instance"
          },
          "sensitive_attributes": []
        }
      ]
    },
    {
      "mode": "managed",
      "type": "aws_ec2_tag",
      "name": "i_09e1671d59f89f16a_aws_autoscaling_groupName",
      "provider": "provider[\"registry.terraform.io/hashicorp/aws\"]",
      "instances": [
        {
          "schema_version": 0,
          "attributes": {
            "id": "i-09e1671d59f89f16a,aws:autoscaling:groupName",
            "key": "aws:autoscaling:groupName",
            "resource_id": "i-09e1671d59f89f16a",
            "value": "ecs-production-gov-v02-instance-asg-capacity"
          },
          "sensitive_attributes": []
        }
      ]
    },
    {
      "mode": "managed",
      "type": "aws_ec2_tag",
      "name": "i_09e1671d59f89f16a_aws_cloudformation_logical_id",
      "provider": "provider[\"registry.terraform.io/hashicorp/aws\"]",
      "instances": [
        {
          "schema_version": 0,
          "attributes": {
            "id": "i-09e1671d59f89f16a,aws:cloudformation:logical-id",
            "key": "aws:cloudformation:logical-id",
            "resource_id": "i-09e1671d59f89f16a",
            "value": "AutoScalingGroupCapacity"
          },
          "sensitive_attributes": []
        }
      ]
    },
    {
      "mode": "managed",
      "type": "aws_ec2_tag",
      "name": "i_09e1671d59f89f16a_aws_cloudformation_stack_id",
      "provider": "provider[\"registry.terraform.io/hashicorp/aws\"]",
      "instances": [
        {
          "schema_version": 0,
          "attributes": {
            "id": "i-09e1671d59f89f16a,aws:cloudformation:stack-id",
            "key": "aws:cloudformation:stack-id",
            "resource_id": "i-09e1671d59f89f16a",
            "value": "arn:aws-us-gov:cloudformation:us-gov-west-1:050779347855:stack/ecs-production-gov-v02/80ef7400-a324-11ed-8a25-061a838133f2"
          },
          "sensitive_attributes": []
        }
      ]
    },
    {
      "mode": "managed",
      "type": "aws_ec2_tag",
      "name": "i_09e1671d59f89f16a_aws_cloudformation_stack_name",
      "provider": "provider[\"registry.terraform.io/hashicorp/aws\"]",
      "instances": [
        {
          "schema_version": 0,
          "attributes": {
            "id": "i-09e1671d59f89f16a,aws:cloudformation:stack-name",
            "key": "aws:cloudformation:stack-name",
            "resource_id": "i-09e1671d59f89f16a",
            "value": "ecs-production-gov-v02"
          },
          "sensitive_attributes": []
        }
      ]
    },
    {
      "mode": "managed",
      "type": "aws_ec2_tag",
      "name": "i_0a5a91dc513886571_Name",
      "provider": "provider[\"registry.terraform.io/hashicorp/aws\"]",
      "instances": [
        {
          "schema_version": 0,
          "attributes": {
            "id": "i-0a5a91dc513886571,Name",
            "key": "Name",
            "resource_id": "i-0a5a91dc513886571",
            "value": "book-service-green"
          },
          "sensitive_attributes": []
        }
      ]
    },
    {
      "mode": "managed",
      "type": "aws_ec2_tag",
      "name": "i_0a5a91dc513886571_aws_autoscaling_groupName",
      "provider": "provider[\"registry.terraform.io/hashicorp/aws\"]",
      "instances": [
        {
          "schema_version": 0,
          "attributes": {
            "id": "i-0a5a91dc513886571,aws:autoscaling:groupName",
            "key": "aws:autoscaling:groupName",
            "resource_id": "i-0a5a91dc513886571",
            "value": "awseb-e-xmec4epg3c-stack-AWSEBAutoScalingGroup-UQ4ARCTDJ5PP"
          },
          "sensitive_attributes": []
        }
      ]
    },
    {
      "mode": "managed",
      "type": "aws_ec2_tag",
      "name": "i_0a5a91dc513886571_aws_cloudformation_logical_id",
      "provider": "provider[\"registry.terraform.io/hashicorp/aws\"]",
      "instances": [
        {
          "schema_version": 0,
          "attributes": {
            "id": "i-0a5a91dc513886571,aws:cloudformation:logical-id",
            "key": "aws:cloudformation:logical-id",
            "resource_id": "i-0a5a91dc513886571",
            "value": "AWSEBAutoScalingGroup"
          },
          "sensitive_attributes": []
        }
      ]
    },
    {
      "mode": "managed",
      "type": "aws_ec2_tag",
      "name": "i_0a5a91dc513886571_aws_cloudformation_stack_id",
      "provider": "provider[\"registry.terraform.io/hashicorp/aws\"]",
      "instances": [
        {
          "schema_version": 0,
          "attributes": {
            "id": "i-0a5a91dc513886571,aws:cloudformation:stack-id",
            "key": "aws:cloudformation:stack-id",
            "resource_id": "i-0a5a91dc513886571",
            "value": "arn:aws-us-gov:cloudformation:us-gov-west-1:050779347855:stack/awseb-e-xmec4epg3c-stack/db5db102-386b-11ed-a507-0a18bf1f5516"
          },
          "sensitive_attributes": []
        }
      ]
    },
    {
      "mode": "managed",
      "type": "aws_ec2_tag",
      "name": "i_0a5a91dc513886571_aws_cloudformation_stack_name",
      "provider": "provider[\"registry.terraform.io/hashicorp/aws\"]",
      "instances": [
        {
          "schema_version": 0,
          "attributes": {
            "id": "i-0a5a91dc513886571,aws:cloudformation:stack-name",
            "key": "aws:cloudformation:stack-name",
            "resource_id": "i-0a5a91dc513886571",
            "value": "awseb-e-xmec4epg3c-stack"
          },
          "sensitive_attributes": []
        }
      ]
    },
    {
      "mode": "managed",
      "type": "aws_ec2_tag",
      "name": "i_0a5a91dc513886571_elasticbeanstalk_environment_id",
      "provider": "provider[\"registry.terraform.io/hashicorp/aws\"]",
      "instances": [
        {
          "schema_version": 0,
          "attributes": {
            "id": "i-0a5a91dc513886571,elasticbeanstalk:environment-id",
            "key": "elasticbeanstalk:environment-id",
            "resource_id": "i-0a5a91dc513886571",
            "value": "e-xmec4epg3c"
          },
          "sensitive_attributes": []
        }
      ]
    },
    {
      "mode": "managed",
      "type": "aws_ec2_tag",
      "name": "i_0a5a91dc513886571_elasticbeanstalk_environment_name",
      "provider": "provider[\"registry.terraform.io/hashicorp/aws\"]",
      "instances": [
        {
          "schema_version": 0,
          "attributes": {
            "id": "i-0a5a91dc513886571,elasticbeanstalk:environment-name",
            "key": "elasticbeanstalk:environment-name",
            "resource_id": "i-0a5a91dc513886571",
            "value": "book-service-green"
          },
          "sensitive_attributes": []
        }
      ]
    },
    {
      "mode": "managed",
      "type": "aws_ec2_tag",
      "name": "i_0af6641d34c6eeb19_LaunchConfiguration",
      "provider": "provider[\"registry.terraform.io/hashicorp/aws\"]",
      "instances": [
        {
          "schema_version": 0,
          "attributes": {
            "id": "i-0af6641d34c6eeb19,LaunchConfiguration",
            "key": "LaunchConfiguration",
            "resource_id": "i-0af6641d34c6eeb19",
            "value": "ecs-production-gov-v02-LaunchConfigurationCapacity-IEGO64TA1MZ"
          },
          "sensitive_attributes": []
        }
      ]
    },
    {
      "mode": "managed",
      "type": "aws_ec2_tag",
      "name": "i_0af6641d34c6eeb19_Name",
      "provider": "provider[\"registry.terraform.io/hashicorp/aws\"]",
      "instances": [
        {
          "schema_version": 0,
          "attributes": {
            "id": "i-0af6641d34c6eeb19,Name",
            "key": "Name",
            "resource_id": "i-0af6641d34c6eeb19",
            "value": "ecs-production-gov-v02-container-instance"
          },
          "sensitive_attributes": []
        }
      ]
    },
    {
      "mode": "managed",
      "type": "aws_ec2_tag",
      "name": "i_0af6641d34c6eeb19_aws_autoscaling_groupName",
      "provider": "provider[\"registry.terraform.io/hashicorp/aws\"]",
      "instances": [
        {
          "schema_version": 0,
          "attributes": {
            "id": "i-0af6641d34c6eeb19,aws:autoscaling:groupName",
            "key": "aws:autoscaling:groupName",
            "resource_id": "i-0af6641d34c6eeb19",
            "value": "ecs-production-gov-v02-instance-asg-capacity"
          },
          "sensitive_attributes": []
        }
      ]
    },
    {
      "mode": "managed",
      "type": "aws_ec2_tag",
      "name": "i_0af6641d34c6eeb19_aws_cloudformation_logical_id",
      "provider": "provider[\"registry.terraform.io/hashicorp/aws\"]",
      "instances": [
        {
          "schema_version": 0,
          "attributes": {
            "id": "i-0af6641d34c6eeb19,aws:cloudformation:logical-id",
            "key": "aws:cloudformation:logical-id",
            "resource_id": "i-0af6641d34c6eeb19",
            "value": "AutoScalingGroupCapacity"
          },
          "sensitive_attributes": []
        }
      ]
    },
    {
      "mode": "managed",
      "type": "aws_ec2_tag",
      "name": "i_0af6641d34c6eeb19_aws_cloudformation_stack_id",
      "provider": "provider[\"registry.terraform.io/hashicorp/aws\"]",
      "instances": [
        {
          "schema_version": 0,
          "attributes": {
            "id": "i-0af6641d34c6eeb19,aws:cloudformation:stack-id",
            "key": "aws:cloudformation:stack-id",
            "resource_id": "i-0af6641d34c6eeb19",
            "value": "arn:aws-us-gov:cloudformation:us-gov-west-1:050779347855:stack/ecs-production-gov-v02/80ef7400-a324-11ed-8a25-061a838133f2"
          },
          "sensitive_attributes": []
        }
      ]
    },
    {
      "mode": "managed",
      "type": "aws_ec2_tag",
      "name": "i_0af6641d34c6eeb19_aws_cloudformation_stack_name",
      "provider": "provider[\"registry.terraform.io/hashicorp/aws\"]",
      "instances": [
        {
          "schema_version": 0,
          "attributes": {
            "id": "i-0af6641d34c6eeb19,aws:cloudformation:stack-name",
            "key": "aws:cloudformation:stack-name",
            "resource_id": "i-0af6641d34c6eeb19",
            "value": "ecs-production-gov-v02"
          },
          "sensitive_attributes": []
        }
      ]
    },
    {
      "mode": "managed",
      "type": "aws_ec2_tag",
      "name": "i_0c8a4de7d5781fa5f_Name",
      "provider": "provider[\"registry.terraform.io/hashicorp/aws\"]",
      "instances": [
        {
          "schema_version": 0,
          "attributes": {
            "id": "i-0c8a4de7d5781fa5f,Name",
            "key": "Name",
            "resource_id": "i-0c8a4de7d5781fa5f",
            "value": "services-gateway-blue"
          },
          "sensitive_attributes": []
        }
      ]
    },
    {
      "mode": "managed",
      "type": "aws_ec2_tag",
      "name": "i_0c8a4de7d5781fa5f_aws_autoscaling_groupName",
      "provider": "provider[\"registry.terraform.io/hashicorp/aws\"]",
      "instances": [
        {
          "schema_version": 0,
          "attributes": {
            "id": "i-0c8a4de7d5781fa5f,aws:autoscaling:groupName",
            "key": "aws:autoscaling:groupName",
            "resource_id": "i-0c8a4de7d5781fa5f",
            "value": "awseb-e-32xzmdus8p-stack-AWSEBAutoScalingGroup-DG4CSGRX6MCC"
          },
          "sensitive_attributes": []
        }
      ]
    },
    {
      "mode": "managed",
      "type": "aws_ec2_tag",
      "name": "i_0c8a4de7d5781fa5f_aws_cloudformation_logical_id",
      "provider": "provider[\"registry.terraform.io/hashicorp/aws\"]",
      "instances": [
        {
          "schema_version": 0,
          "attributes": {
            "id": "i-0c8a4de7d5781fa5f,aws:cloudformation:logical-id",
            "key": "aws:cloudformation:logical-id",
            "resource_id": "i-0c8a4de7d5781fa5f",
            "value": "AWSEBAutoScalingGroup"
          },
          "sensitive_attributes": []
        }
      ]
    },
    {
      "mode": "managed",
      "type": "aws_ec2_tag",
      "name": "i_0c8a4de7d5781fa5f_aws_cloudformation_stack_id",
      "provider": "provider[\"registry.terraform.io/hashicorp/aws\"]",
      "instances": [
        {
          "schema_version": 0,
          "attributes": {
            "id": "i-0c8a4de7d5781fa5f,aws:cloudformation:stack-id",
            "key": "aws:cloudformation:stack-id",
            "resource_id": "i-0c8a4de7d5781fa5f",
            "value": "arn:aws-us-gov:cloudformation:us-gov-west-1:050779347855:stack/awseb-e-32xzmdus8p-stack/37a235f0-06dd-11ed-9790-0af3859fa8ce"
          },
          "sensitive_attributes": []
        }
      ]
    },
    {
      "mode": "managed",
      "type": "aws_ec2_tag",
      "name": "i_0c8a4de7d5781fa5f_aws_cloudformation_stack_name",
      "provider": "provider[\"registry.terraform.io/hashicorp/aws\"]",
      "instances": [
        {
          "schema_version": 0,
          "attributes": {
            "id": "i-0c8a4de7d5781fa5f,aws:cloudformation:stack-name",
            "key": "aws:cloudformation:stack-name",
            "resource_id": "i-0c8a4de7d5781fa5f",
            "value": "awseb-e-32xzmdus8p-stack"
          },
          "sensitive_attributes": []
        }
      ]
    },
    {
      "mode": "managed",
      "type": "aws_ec2_tag",
      "name": "i_0c8a4de7d5781fa5f_elasticbeanstalk_environment_id",
      "provider": "provider[\"registry.terraform.io/hashicorp/aws\"]",
      "instances": [
        {
          "schema_version": 0,
          "attributes": {
            "id": "i-0c8a4de7d5781fa5f,elasticbeanstalk:environment-id",
            "key": "elasticbeanstalk:environment-id",
            "resource_id": "i-0c8a4de7d5781fa5f",
            "value": "e-32xzmdus8p"
          },
          "sensitive_attributes": []
        }
      ]
    },
    {
      "mode": "managed",
      "type": "aws_ec2_tag",
      "name": "i_0c8a4de7d5781fa5f_elasticbeanstalk_environment_name",
      "provider": "provider[\"registry.terraform.io/hashicorp/aws\"]",
      "instances": [
        {
          "schema_version": 0,
          "attributes": {
            "id": "i-0c8a4de7d5781fa5f,elasticbeanstalk:environment-name",
            "key": "elasticbeanstalk:environment-name",
            "resource_id": "i-0c8a4de7d5781fa5f",
            "value": "services-gateway-blue"
          },
          "sensitive_attributes": []
        }
      ]
    },
    {
      "mode": "managed",
      "type": "aws_ec2_tag",
      "name": "i_0d34f8cb5602f5857_Name",
      "provider": "provider[\"registry.terraform.io/hashicorp/aws\"]",
      "instances": [
        {
          "schema_version": 0,
          "attributes": {
            "id": "i-0d34f8cb5602f5857,Name",
            "key": "Name",
            "resource_id": "i-0d34f8cb5602f5857",
            "value": "production-BastionServer"
          },
          "sensitive_attributes": []
        }
      ]
    },
    {
      "mode": "managed",
      "type": "aws_ec2_tag",
      "name": "i_0db65856b9b32287a_Name",
      "provider": "provider[\"registry.terraform.io/hashicorp/aws\"]",
      "instances": [
        {
          "schema_version": 0,
          "attributes": {
            "id": "i-0db65856b9b32287a,Name",
            "key": "Name",
            "resource_id": "i-0db65856b9b32287a",
            "value": "book-service-blue"
          },
          "sensitive_attributes": []
        }
      ]
    },
    {
      "mode": "managed",
      "type": "aws_ec2_tag",
      "name": "i_0db65856b9b32287a_aws_autoscaling_groupName",
      "provider": "provider[\"registry.terraform.io/hashicorp/aws\"]",
      "instances": [
        {
          "schema_version": 0,
          "attributes": {
            "id": "i-0db65856b9b32287a,aws:autoscaling:groupName",
            "key": "aws:autoscaling:groupName",
            "resource_id": "i-0db65856b9b32287a",
            "value": "awseb-e-fmzgrfkcqp-stack-AWSEBAutoScalingGroup-VMGLQ3UKK1KY"
          },
          "sensitive_attributes": []
        }
      ]
    },
    {
      "mode": "managed",
      "type": "aws_ec2_tag",
      "name": "i_0db65856b9b32287a_aws_cloudformation_logical_id",
      "provider": "provider[\"registry.terraform.io/hashicorp/aws\"]",
      "instances": [
        {
          "schema_version": 0,
          "attributes": {
            "id": "i-0db65856b9b32287a,aws:cloudformation:logical-id",
            "key": "aws:cloudformation:logical-id",
            "resource_id": "i-0db65856b9b32287a",
            "value": "AWSEBAutoScalingGroup"
          },
          "sensitive_attributes": []
        }
      ]
    },
    {
      "mode": "managed",
      "type": "aws_ec2_tag",
      "name": "i_0db65856b9b32287a_aws_cloudformation_stack_id",
      "provider": "provider[\"registry.terraform.io/hashicorp/aws\"]",
      "instances": [
        {
          "schema_version": 0,
          "attributes": {
            "id": "i-0db65856b9b32287a,aws:cloudformation:stack-id",
            "key": "aws:cloudformation:stack-id",
            "resource_id": "i-0db65856b9b32287a",
            "value": "arn:aws-us-gov:cloudformation:us-gov-west-1:050779347855:stack/awseb-e-fmzgrfkcqp-stack/c8a2cd90-a17d-11ed-be8e-06938baa4238"
          },
          "sensitive_attributes": []
        }
      ]
    },
    {
      "mode": "managed",
      "type": "aws_ec2_tag",
      "name": "i_0db65856b9b32287a_aws_cloudformation_stack_name",
      "provider": "provider[\"registry.terraform.io/hashicorp/aws\"]",
      "instances": [
        {
          "schema_version": 0,
          "attributes": {
            "id": "i-0db65856b9b32287a,aws:cloudformation:stack-name",
            "key": "aws:cloudformation:stack-name",
            "resource_id": "i-0db65856b9b32287a",
            "value": "awseb-e-fmzgrfkcqp-stack"
          },
          "sensitive_attributes": []
        }
      ]
    },
    {
      "mode": "managed",
      "type": "aws_ec2_tag",
      "name": "i_0db65856b9b32287a_elasticbeanstalk_environment_id",
      "provider": "provider[\"registry.terraform.io/hashicorp/aws\"]",
      "instances": [
        {
          "schema_version": 0,
          "attributes": {
            "id": "i-0db65856b9b32287a,elasticbeanstalk:environment-id",
            "key": "elasticbeanstalk:environment-id",
            "resource_id": "i-0db65856b9b32287a",
            "value": "e-fmzgrfkcqp"
          },
          "sensitive_attributes": []
        }
      ]
    },
    {
      "mode": "managed",
      "type": "aws_ec2_tag",
      "name": "i_0db65856b9b32287a_elasticbeanstalk_environment_name",
      "provider": "provider[\"registry.terraform.io/hashicorp/aws\"]",
      "instances": [
        {
          "schema_version": 0,
          "attributes": {
            "id": "i-0db65856b9b32287a,elasticbeanstalk:environment-name",
            "key": "elasticbeanstalk:environment-name",
            "resource_id": "i-0db65856b9b32287a",
            "value": "book-service-blue"
          },
          "sensitive_attributes": []
        }
      ]
    },
    {
      "mode": "managed",
      "type": "aws_ec2_tag",
      "name": "i_0db9986f41eead4f0_LaunchConfiguration",
      "provider": "provider[\"registry.terraform.io/hashicorp/aws\"]",
      "instances": [
        {
          "schema_version": 0,
          "attributes": {
            "id": "i-0db9986f41eead4f0,LaunchConfiguration",
            "key": "LaunchConfiguration",
            "resource_id": "i-0db9986f41eead4f0",
            "value": "ecs-production-gov-v02-LaunchConfigurationExactlyOnePerAZ-1XQRH2DSGN1SH"
          },
          "sensitive_attributes": []
        }
      ]
    },
    {
      "mode": "managed",
      "type": "aws_ec2_tag",
      "name": "i_0db9986f41eead4f0_Name",
      "provider": "provider[\"registry.terraform.io/hashicorp/aws\"]",
      "instances": [
        {
          "schema_version": 0,
          "attributes": {
            "id": "i-0db9986f41eead4f0,Name",
            "key": "Name",
            "resource_id": "i-0db9986f41eead4f0",
            "value": "ecs-production-gov-v02-container-instance"
          },
          "sensitive_attributes": []
        }
      ]
    },
    {
      "mode": "managed",
      "type": "aws_ec2_tag",
      "name": "i_0db9986f41eead4f0_aws_autoscaling_groupName",
      "provider": "provider[\"registry.terraform.io/hashicorp/aws\"]",
      "instances": [
        {
          "schema_version": 0,
          "attributes": {
            "id": "i-0db9986f41eead4f0,aws:autoscaling:groupName",
            "key": "aws:autoscaling:groupName",
            "resource_id": "i-0db9986f41eead4f0",
            "value": "ecs-production-gov-v02-instance-asg-one-per-az"
          },
          "sensitive_attributes": []
        }
      ]
    },
    {
      "mode": "managed",
      "type": "aws_ec2_tag",
      "name": "i_0db9986f41eead4f0_aws_cloudformation_logical_id",
      "provider": "provider[\"registry.terraform.io/hashicorp/aws\"]",
      "instances": [
        {
          "schema_version": 0,
          "attributes": {
            "id": "i-0db9986f41eead4f0,aws:cloudformation:logical-id",
            "key": "aws:cloudformation:logical-id",
            "resource_id": "i-0db9986f41eead4f0",
            "value": "AutoScalingGroupExactlyOnePerAZ"
          },
          "sensitive_attributes": []
        }
      ]
    },
    {
      "mode": "managed",
      "type": "aws_ec2_tag",
      "name": "i_0db9986f41eead4f0_aws_cloudformation_stack_id",
      "provider": "provider[\"registry.terraform.io/hashicorp/aws\"]",
      "instances": [
        {
          "schema_version": 0,
          "attributes": {
            "id": "i-0db9986f41eead4f0,aws:cloudformation:stack-id",
            "key": "aws:cloudformation:stack-id",
            "resource_id": "i-0db9986f41eead4f0",
            "value": "arn:aws-us-gov:cloudformation:us-gov-west-1:050779347855:stack/ecs-production-gov-v02/80ef7400-a324-11ed-8a25-061a838133f2"
          },
          "sensitive_attributes": []
        }
      ]
    },
    {
      "mode": "managed",
      "type": "aws_ec2_tag",
      "name": "i_0db9986f41eead4f0_aws_cloudformation_stack_name",
      "provider": "provider[\"registry.terraform.io/hashicorp/aws\"]",
      "instances": [
        {
          "schema_version": 0,
          "attributes": {
            "id": "i-0db9986f41eead4f0,aws:cloudformation:stack-name",
            "key": "aws:cloudformation:stack-name",
            "resource_id": "i-0db9986f41eead4f0",
            "value": "ecs-production-gov-v02"
          },
          "sensitive_attributes": []
        }
      ]
    },
    {
      "mode": "managed",
      "type": "aws_ec2_tag",
      "name": "i_0dc94083aa5bcb1f3_Name",
      "provider": "provider[\"registry.terraform.io/hashicorp/aws\"]",
      "instances": [
        {
          "schema_version": 0,
          "attributes": {
            "id": "i-0dc94083aa5bcb1f3,Name",
            "key": "Name",
            "resource_id": "i-0dc94083aa5bcb1f3",
            "value": "dbimport062822"
          },
          "sensitive_attributes": []
        }
      ]
    },
    {
      "mode": "managed",
      "type": "aws_ec2_tag",
      "name": "i_0df32a46ac1dc8996_Name",
      "provider": "provider[\"registry.terraform.io/hashicorp/aws\"]",
      "instances": [
        {
          "schema_version": 0,
          "attributes": {
            "id": "i-0df32a46ac1dc8996,Name",
            "key": "Name",
            "resource_id": "i-0df32a46ac1dc8996",
            "value": "book-service-blue"
          },
          "sensitive_attributes": []
        }
      ]
    },
    {
      "mode": "managed",
      "type": "aws_ec2_tag",
      "name": "i_0df32a46ac1dc8996_aws_autoscaling_groupName",
      "provider": "provider[\"registry.terraform.io/hashicorp/aws\"]",
      "instances": [
        {
          "schema_version": 0,
          "attributes": {
            "id": "i-0df32a46ac1dc8996,aws:autoscaling:groupName",
            "key": "aws:autoscaling:groupName",
            "resource_id": "i-0df32a46ac1dc8996",
            "value": "awseb-e-fmzgrfkcqp-stack-AWSEBAutoScalingGroup-VMGLQ3UKK1KY"
          },
          "sensitive_attributes": []
        }
      ]
    },
    {
      "mode": "managed",
      "type": "aws_ec2_tag",
      "name": "i_0df32a46ac1dc8996_aws_cloudformation_logical_id",
      "provider": "provider[\"registry.terraform.io/hashicorp/aws\"]",
      "instances": [
        {
          "schema_version": 0,
          "attributes": {
            "id": "i-0df32a46ac1dc8996,aws:cloudformation:logical-id",
            "key": "aws:cloudformation:logical-id",
            "resource_id": "i-0df32a46ac1dc8996",
            "value": "AWSEBAutoScalingGroup"
          },
          "sensitive_attributes": []
        }
      ]
    },
    {
      "mode": "managed",
      "type": "aws_ec2_tag",
      "name": "i_0df32a46ac1dc8996_aws_cloudformation_stack_id",
      "provider": "provider[\"registry.terraform.io/hashicorp/aws\"]",
      "instances": [
        {
          "schema_version": 0,
          "attributes": {
            "id": "i-0df32a46ac1dc8996,aws:cloudformation:stack-id",
            "key": "aws:cloudformation:stack-id",
            "resource_id": "i-0df32a46ac1dc8996",
            "value": "arn:aws-us-gov:cloudformation:us-gov-west-1:050779347855:stack/awseb-e-fmzgrfkcqp-stack/c8a2cd90-a17d-11ed-be8e-06938baa4238"
          },
          "sensitive_attributes": []
        }
      ]
    },
    {
      "mode": "managed",
      "type": "aws_ec2_tag",
      "name": "i_0df32a46ac1dc8996_aws_cloudformation_stack_name",
      "provider": "provider[\"registry.terraform.io/hashicorp/aws\"]",
      "instances": [
        {
          "schema_version": 0,
          "attributes": {
            "id": "i-0df32a46ac1dc8996,aws:cloudformation:stack-name",
            "key": "aws:cloudformation:stack-name",
            "resource_id": "i-0df32a46ac1dc8996",
            "value": "awseb-e-fmzgrfkcqp-stack"
          },
          "sensitive_attributes": []
        }
      ]
    },
    {
      "mode": "managed",
      "type": "aws_ec2_tag",
      "name": "i_0df32a46ac1dc8996_elasticbeanstalk_environment_id",
      "provider": "provider[\"registry.terraform.io/hashicorp/aws\"]",
      "instances": [
        {
          "schema_version": 0,
          "attributes": {
            "id": "i-0df32a46ac1dc8996,elasticbeanstalk:environment-id",
            "key": "elasticbeanstalk:environment-id",
            "resource_id": "i-0df32a46ac1dc8996",
            "value": "e-fmzgrfkcqp"
          },
          "sensitive_attributes": []
        }
      ]
    },
    {
      "mode": "managed",
      "type": "aws_ec2_tag",
      "name": "i_0df32a46ac1dc8996_elasticbeanstalk_environment_name",
      "provider": "provider[\"registry.terraform.io/hashicorp/aws\"]",
      "instances": [
        {
          "schema_version": 0,
          "attributes": {
            "id": "i-0df32a46ac1dc8996,elasticbeanstalk:environment-name",
            "key": "elasticbeanstalk:environment-name",
            "resource_id": "i-0df32a46ac1dc8996",
            "value": "book-service-blue"
          },
          "sensitive_attributes": []
        }
      ]
    },
    {
      "mode": "managed",
      "type": "aws_ec2_tag",
      "name": "i_0e58a853ddfa77b65_Name",
      "provider": "provider[\"registry.terraform.io/hashicorp/aws\"]",
      "instances": [
        {
          "schema_version": 0,
          "attributes": {
            "id": "i-0e58a853ddfa77b65,Name",
            "key": "Name",
            "resource_id": "i-0e58a853ddfa77b65",
            "value": "learner-web-ui-gateway-blue"
          },
          "sensitive_attributes": []
        }
      ]
    },
    {
      "mode": "managed",
      "type": "aws_ec2_tag",
      "name": "i_0e58a853ddfa77b65_aws_autoscaling_groupName",
      "provider": "provider[\"registry.terraform.io/hashicorp/aws\"]",
      "instances": [
        {
          "schema_version": 0,
          "attributes": {
            "id": "i-0e58a853ddfa77b65,aws:autoscaling:groupName",
            "key": "aws:autoscaling:groupName",
            "resource_id": "i-0e58a853ddfa77b65",
            "value": "awseb-e-59p3bpnwec-stack-AWSEBAutoScalingGroup-1ON4K0NW5K7WO"
          },
          "sensitive_attributes": []
        }
      ]
    },
    {
      "mode": "managed",
      "type": "aws_ec2_tag",
      "name": "i_0e58a853ddfa77b65_aws_cloudformation_logical_id",
      "provider": "provider[\"registry.terraform.io/hashicorp/aws\"]",
      "instances": [
        {
          "schema_version": 0,
          "attributes": {
            "id": "i-0e58a853ddfa77b65,aws:cloudformation:logical-id",
            "key": "aws:cloudformation:logical-id",
            "resource_id": "i-0e58a853ddfa77b65",
            "value": "AWSEBAutoScalingGroup"
          },
          "sensitive_attributes": []
        }
      ]
    },
    {
      "mode": "managed",
      "type": "aws_ec2_tag",
      "name": "i_0e58a853ddfa77b65_aws_cloudformation_stack_id",
      "provider": "provider[\"registry.terraform.io/hashicorp/aws\"]",
      "instances": [
        {
          "schema_version": 0,
          "attributes": {
            "id": "i-0e58a853ddfa77b65,aws:cloudformation:stack-id",
            "key": "aws:cloudformation:stack-id",
            "resource_id": "i-0e58a853ddfa77b65",
            "value": "arn:aws-us-gov:cloudformation:us-gov-west-1:050779347855:stack/awseb-e-59p3bpnwec-stack/5f360e30-03b7-11ed-93c0-06b45c2dc5aa"
          },
          "sensitive_attributes": []
        }
      ]
    },
    {
      "mode": "managed",
      "type": "aws_ec2_tag",
      "name": "i_0e58a853ddfa77b65_aws_cloudformation_stack_name",
      "provider": "provider[\"registry.terraform.io/hashicorp/aws\"]",
      "instances": [
        {
          "schema_version": 0,
          "attributes": {
            "id": "i-0e58a853ddfa77b65,aws:cloudformation:stack-name",
            "key": "aws:cloudformation:stack-name",
            "resource_id": "i-0e58a853ddfa77b65",
            "value": "awseb-e-59p3bpnwec-stack"
          },
          "sensitive_attributes": []
        }
      ]
    },
    {
      "mode": "managed",
      "type": "aws_ec2_tag",
      "name": "i_0e58a853ddfa77b65_elasticbeanstalk_environment_id",
      "provider": "provider[\"registry.terraform.io/hashicorp/aws\"]",
      "instances": [
        {
          "schema_version": 0,
          "attributes": {
            "id": "i-0e58a853ddfa77b65,elasticbeanstalk:environment-id",
            "key": "elasticbeanstalk:environment-id",
            "resource_id": "i-0e58a853ddfa77b65",
            "value": "e-59p3bpnwec"
          },
          "sensitive_attributes": []
        }
      ]
    },
    {
      "mode": "managed",
      "type": "aws_ec2_tag",
      "name": "i_0e58a853ddfa77b65_elasticbeanstalk_environment_name",
      "provider": "provider[\"registry.terraform.io/hashicorp/aws\"]",
      "instances": [
        {
          "schema_version": 0,
          "attributes": {
            "id": "i-0e58a853ddfa77b65,elasticbeanstalk:environment-name",
            "key": "elasticbeanstalk:environment-name",
            "resource_id": "i-0e58a853ddfa77b65",
            "value": "learner-web-ui-gateway-blue"
          },
          "sensitive_attributes": []
        }
      ]
    },
    {
      "mode": "managed",
      "type": "aws_ec2_tag",
      "name": "i_0eb75240d79b0e380_Name",
      "provider": "provider[\"registry.terraform.io/hashicorp/aws\"]",
      "instances": [
        {
          "schema_version": 0,
          "attributes": {
            "id": "i-0eb75240d79b0e380,Name",
            "key": "Name",
            "resource_id": "i-0eb75240d79b0e380",
            "value": "form-service-blue"
          },
          "sensitive_attributes": []
        }
      ]
    },
    {
      "mode": "managed",
      "type": "aws_ec2_tag",
      "name": "i_0eb75240d79b0e380_aws_autoscaling_groupName",
      "provider": "provider[\"registry.terraform.io/hashicorp/aws\"]",
      "instances": [
        {
          "schema_version": 0,
          "attributes": {
            "id": "i-0eb75240d79b0e380,aws:autoscaling:groupName",
            "key": "aws:autoscaling:groupName",
            "resource_id": "i-0eb75240d79b0e380",
            "value": "awseb-e-bmqqxwyjst-stack-AWSEBAutoScalingGroup-LJXY7KQWBLXK"
          },
          "sensitive_attributes": []
        }
      ]
    },
    {
      "mode": "managed",
      "type": "aws_ec2_tag",
      "name": "i_0eb75240d79b0e380_aws_cloudformation_logical_id",
      "provider": "provider[\"registry.terraform.io/hashicorp/aws\"]",
      "instances": [
        {
          "schema_version": 0,
          "attributes": {
            "id": "i-0eb75240d79b0e380,aws:cloudformation:logical-id",
            "key": "aws:cloudformation:logical-id",
            "resource_id": "i-0eb75240d79b0e380",
            "value": "AWSEBAutoScalingGroup"
          },
          "sensitive_attributes": []
        }
      ]
    },
    {
      "mode": "managed",
      "type": "aws_ec2_tag",
      "name": "i_0eb75240d79b0e380_aws_cloudformation_stack_id",
      "provider": "provider[\"registry.terraform.io/hashicorp/aws\"]",
      "instances": [
        {
          "schema_version": 0,
          "attributes": {
            "id": "i-0eb75240d79b0e380,aws:cloudformation:stack-id",
            "key": "aws:cloudformation:stack-id",
            "resource_id": "i-0eb75240d79b0e380",
            "value": "arn:aws-us-gov:cloudformation:us-gov-west-1:050779347855:stack/awseb-e-bmqqxwyjst-stack/3994f5a0-02f5-11ed-af7a-06a846c75e3e"
          },
          "sensitive_attributes": []
        }
      ]
    },
    {
      "mode": "managed",
      "type": "aws_ec2_tag",
      "name": "i_0eb75240d79b0e380_aws_cloudformation_stack_name",
      "provider": "provider[\"registry.terraform.io/hashicorp/aws\"]",
      "instances": [
        {
          "schema_version": 0,
          "attributes": {
            "id": "i-0eb75240d79b0e380,aws:cloudformation:stack-name",
            "key": "aws:cloudformation:stack-name",
            "resource_id": "i-0eb75240d79b0e380",
            "value": "awseb-e-bmqqxwyjst-stack"
          },
          "sensitive_attributes": []
        }
      ]
    },
    {
      "mode": "managed",
      "type": "aws_ec2_tag",
      "name": "i_0eb75240d79b0e380_elasticbeanstalk_environment_id",
      "provider": "provider[\"registry.terraform.io/hashicorp/aws\"]",
      "instances": [
        {
          "schema_version": 0,
          "attributes": {
            "id": "i-0eb75240d79b0e380,elasticbeanstalk:environment-id",
            "key": "elasticbeanstalk:environment-id",
            "resource_id": "i-0eb75240d79b0e380",
            "value": "e-bmqqxwyjst"
          },
          "sensitive_attributes": []
        }
      ]
    },
    {
      "mode": "managed",
      "type": "aws_ec2_tag",
      "name": "i_0eb75240d79b0e380_elasticbeanstalk_environment_name",
      "provider": "provider[\"registry.terraform.io/hashicorp/aws\"]",
      "instances": [
        {
          "schema_version": 0,
          "attributes": {
            "id": "i-0eb75240d79b0e380,elasticbeanstalk:environment-name",
            "key": "elasticbeanstalk:environment-name",
            "resource_id": "i-0eb75240d79b0e380",
            "value": "form-service-blue"
          },
          "sensitive_attributes": []
        }
      ]
    },
    {
      "mode": "managed",
      "type": "aws_ec2_tag",
      "name": "i_0f0a66787af12d780_Name",
      "provider": "provider[\"registry.terraform.io/hashicorp/aws\"]",
      "instances": [
        {
          "schema_version": 0,
          "attributes": {
            "id": "i-0f0a66787af12d780,Name",
            "key": "Name",
            "resource_id": "i-0f0a66787af12d780",
            "value": "capillary-web-ui-gateway-green"
          },
          "sensitive_attributes": []
        }
      ]
    },
    {
      "mode": "managed",
      "type": "aws_ec2_tag",
      "name": "i_0f0a66787af12d780_aws_autoscaling_groupName",
      "provider": "provider[\"registry.terraform.io/hashicorp/aws\"]",
      "instances": [
        {
          "schema_version": 0,
          "attributes": {
            "id": "i-0f0a66787af12d780,aws:autoscaling:groupName",
            "key": "aws:autoscaling:groupName",
            "resource_id": "i-0f0a66787af12d780",
            "value": "awseb-e-ipfavj64xz-stack-AWSEBAutoScalingGroup-10EZHY36C0W3Z"
          },
          "sensitive_attributes": []
        }
      ]
    },
    {
      "mode": "managed",
      "type": "aws_ec2_tag",
      "name": "i_0f0a66787af12d780_aws_cloudformation_logical_id",
      "provider": "provider[\"registry.terraform.io/hashicorp/aws\"]",
      "instances": [
        {
          "schema_version": 0,
          "attributes": {
            "id": "i-0f0a66787af12d780,aws:cloudformation:logical-id",
            "key": "aws:cloudformation:logical-id",
            "resource_id": "i-0f0a66787af12d780",
            "value": "AWSEBAutoScalingGroup"
          },
          "sensitive_attributes": []
        }
      ]
    },
    {
      "mode": "managed",
      "type": "aws_ec2_tag",
      "name": "i_0f0a66787af12d780_aws_cloudformation_stack_id",
      "provider": "provider[\"registry.terraform.io/hashicorp/aws\"]",
      "instances": [
        {
          "schema_version": 0,
          "attributes": {
            "id": "i-0f0a66787af12d780,aws:cloudformation:stack-id",
            "key": "aws:cloudformation:stack-id",
            "resource_id": "i-0f0a66787af12d780",
            "value": "arn:aws-us-gov:cloudformation:us-gov-west-1:050779347855:stack/awseb-e-ipfavj64xz-stack/a003a160-9b43-11ed-9ccf-0a6230a107d4"
          },
          "sensitive_attributes": []
        }
      ]
    },
    {
      "mode": "managed",
      "type": "aws_ec2_tag",
      "name": "i_0f0a66787af12d780_aws_cloudformation_stack_name",
      "provider": "provider[\"registry.terraform.io/hashicorp/aws\"]",
      "instances": [
        {
          "schema_version": 0,
          "attributes": {
            "id": "i-0f0a66787af12d780,aws:cloudformation:stack-name",
            "key": "aws:cloudformation:stack-name",
            "resource_id": "i-0f0a66787af12d780",
            "value": "awseb-e-ipfavj64xz-stack"
          },
          "sensitive_attributes": []
        }
      ]
    },
    {
      "mode": "managed",
      "type": "aws_ec2_tag",
      "name": "i_0f0a66787af12d780_elasticbeanstalk_environment_id",
      "provider": "provider[\"registry.terraform.io/hashicorp/aws\"]",
      "instances": [
        {
          "schema_version": 0,
          "attributes": {
            "id": "i-0f0a66787af12d780,elasticbeanstalk:environment-id",
            "key": "elasticbeanstalk:environment-id",
            "resource_id": "i-0f0a66787af12d780",
            "value": "e-ipfavj64xz"
          },
          "sensitive_attributes": []
        }
      ]
    },
    {
      "mode": "managed",
      "type": "aws_ec2_tag",
      "name": "i_0f0a66787af12d780_elasticbeanstalk_environment_name",
      "provider": "provider[\"registry.terraform.io/hashicorp/aws\"]",
      "instances": [
        {
          "schema_version": 0,
          "attributes": {
            "id": "i-0f0a66787af12d780,elasticbeanstalk:environment-name",
            "key": "elasticbeanstalk:environment-name",
            "resource_id": "i-0f0a66787af12d780",
            "value": "capillary-web-ui-gateway-green"
          },
          "sensitive_attributes": []
        }
      ]
    },
    {
      "mode": "managed",
      "type": "aws_ec2_tag",
      "name": "i_0f3baa6f6ea2b4c66_LaunchConfiguration",
      "provider": "provider[\"registry.terraform.io/hashicorp/aws\"]",
      "instances": [
        {
          "schema_version": 0,
          "attributes": {
            "id": "i-0f3baa6f6ea2b4c66,LaunchConfiguration",
            "key": "LaunchConfiguration",
            "resource_id": "i-0f3baa6f6ea2b4c66",
            "value": "ecs-production-gov-v02-LaunchConfigurationCapacity-IEGO64TA1MZ"
          },
          "sensitive_attributes": []
        }
      ]
    },
    {
      "mode": "managed",
      "type": "aws_ec2_tag",
      "name": "i_0f3baa6f6ea2b4c66_Name",
      "provider": "provider[\"registry.terraform.io/hashicorp/aws\"]",
      "instances": [
        {
          "schema_version": 0,
          "attributes": {
            "id": "i-0f3baa6f6ea2b4c66,Name",
            "key": "Name",
            "resource_id": "i-0f3baa6f6ea2b4c66",
            "value": "ecs-production-gov-v02-container-instance"
          },
          "sensitive_attributes": []
        }
      ]
    },
    {
      "mode": "managed",
      "type": "aws_ec2_tag",
      "name": "i_0f3baa6f6ea2b4c66_aws_autoscaling_groupName",
      "provider": "provider[\"registry.terraform.io/hashicorp/aws\"]",
      "instances": [
        {
          "schema_version": 0,
          "attributes": {
            "id": "i-0f3baa6f6ea2b4c66,aws:autoscaling:groupName",
            "key": "aws:autoscaling:groupName",
            "resource_id": "i-0f3baa6f6ea2b4c66",
            "value": "ecs-production-gov-v02-instance-asg-capacity"
          },
          "sensitive_attributes": []
        }
      ]
    },
    {
      "mode": "managed",
      "type": "aws_ec2_tag",
      "name": "i_0f3baa6f6ea2b4c66_aws_cloudformation_logical_id",
      "provider": "provider[\"registry.terraform.io/hashicorp/aws\"]",
      "instances": [
        {
          "schema_version": 0,
          "attributes": {
            "id": "i-0f3baa6f6ea2b4c66,aws:cloudformation:logical-id",
            "key": "aws:cloudformation:logical-id",
            "resource_id": "i-0f3baa6f6ea2b4c66",
            "value": "AutoScalingGroupCapacity"
          },
          "sensitive_attributes": []
        }
      ]
    },
    {
      "mode": "managed",
      "type": "aws_ec2_tag",
      "name": "i_0f3baa6f6ea2b4c66_aws_cloudformation_stack_id",
      "provider": "provider[\"registry.terraform.io/hashicorp/aws\"]",
      "instances": [
        {
          "schema_version": 0,
          "attributes": {
            "id": "i-0f3baa6f6ea2b4c66,aws:cloudformation:stack-id",
            "key": "aws:cloudformation:stack-id",
            "resource_id": "i-0f3baa6f6ea2b4c66",
            "value": "arn:aws-us-gov:cloudformation:us-gov-west-1:050779347855:stack/ecs-production-gov-v02/80ef7400-a324-11ed-8a25-061a838133f2"
          },
          "sensitive_attributes": []
        }
      ]
    },
    {
      "mode": "managed",
      "type": "aws_ec2_tag",
      "name": "i_0f3baa6f6ea2b4c66_aws_cloudformation_stack_name",
      "provider": "provider[\"registry.terraform.io/hashicorp/aws\"]",
      "instances": [
        {
          "schema_version": 0,
          "attributes": {
            "id": "i-0f3baa6f6ea2b4c66,aws:cloudformation:stack-name",
            "key": "aws:cloudformation:stack-name",
            "resource_id": "i-0f3baa6f6ea2b4c66",
            "value": "ecs-production-gov-v02"
          },
          "sensitive_attributes": []
        }
      ]
    },
    {
      "mode": "managed",
      "type": "aws_ec2_tag",
      "name": "igw_0606c63cc605becd7_Name",
      "provider": "provider[\"registry.terraform.io/hashicorp/aws\"]",
      "instances": [
        {
          "schema_version": 0,
          "attributes": {
            "id": "igw-0606c63cc605becd7,Name",
            "key": "Name",
            "resource_id": "igw-0606c63cc605becd7",
            "value": "ThirdParty"
          },
          "sensitive_attributes": []
        }
      ]
    },
    {
      "mode": "managed",
      "type": "aws_ec2_tag",
      "name": "igw_0606c63cc605becd7_aws_cloudformation_logical_id",
      "provider": "provider[\"registry.terraform.io/hashicorp/aws\"]",
      "instances": [
        {
          "schema_version": 0,
          "attributes": {
            "id": "igw-0606c63cc605becd7,aws:cloudformation:logical-id",
            "key": "aws:cloudformation:logical-id",
            "resource_id": "igw-0606c63cc605becd7",
            "value": "InternetGateway"
          },
          "sensitive_attributes": []
        }
      ]
    },
    {
      "mode": "managed",
      "type": "aws_ec2_tag",
      "name": "igw_0606c63cc605becd7_aws_cloudformation_stack_id",
      "provider": "provider[\"registry.terraform.io/hashicorp/aws\"]",
      "instances": [
        {
          "schema_version": 0,
          "attributes": {
            "id": "igw-0606c63cc605becd7,aws:cloudformation:stack-id",
            "key": "aws:cloudformation:stack-id",
            "resource_id": "igw-0606c63cc605becd7",
            "value": "arn:aws-us-gov:cloudformation:us-gov-west-1:050779347855:stack/ThirdPartyVPC/b9e1f1f0-d24d-11ec-864f-0afb90a38fc8"
          },
          "sensitive_attributes": []
        }
      ]
    },
    {
      "mode": "managed",
      "type": "aws_ec2_tag",
      "name": "igw_0606c63cc605becd7_aws_cloudformation_stack_name",
      "provider": "provider[\"registry.terraform.io/hashicorp/aws\"]",
      "instances": [
        {
          "schema_version": 0,
          "attributes": {
            "id": "igw-0606c63cc605becd7,aws:cloudformation:stack-name",
            "key": "aws:cloudformation:stack-name",
            "resource_id": "igw-0606c63cc605becd7",
            "value": "ThirdPartyVPC"
          },
          "sensitive_attributes": []
        }
      ]
    },
    {
      "mode": "managed",
      "type": "aws_ec2_tag",
      "name": "igw_067fed3ddf94bbad0_DeploymentEnvironment",
      "provider": "provider[\"registry.terraform.io/hashicorp/aws\"]",
      "instances": [
        {
          "schema_version": 0,
          "attributes": {
            "id": "igw-067fed3ddf94bbad0,DeploymentEnvironment",
            "key": "DeploymentEnvironment",
            "resource_id": "igw-067fed3ddf94bbad0",
            "value": "DeveloperTools"
          },
          "sensitive_attributes": []
        }
      ]
    },
    {
      "mode": "managed",
      "type": "aws_ec2_tag",
      "name": "igw_067fed3ddf94bbad0_Name",
      "provider": "provider[\"registry.terraform.io/hashicorp/aws\"]",
      "instances": [
        {
          "schema_version": 0,
          "attributes": {
            "id": "igw-067fed3ddf94bbad0,Name",
            "key": "Name",
            "resource_id": "igw-067fed3ddf94bbad0",
            "value": "DeveloperTools"
          },
          "sensitive_attributes": []
        }
      ]
    },
    {
      "mode": "managed",
      "type": "aws_ec2_tag",
      "name": "igw_067fed3ddf94bbad0_aws_cloudformation_logical_id",
      "provider": "provider[\"registry.terraform.io/hashicorp/aws\"]",
      "instances": [
        {
          "schema_version": 0,
          "attributes": {
            "id": "igw-067fed3ddf94bbad0,aws:cloudformation:logical-id",
            "key": "aws:cloudformation:logical-id",
            "resource_id": "igw-067fed3ddf94bbad0",
            "value": "InternetGateway"
          },
          "sensitive_attributes": []
        }
      ]
    },
    {
      "mode": "managed",
      "type": "aws_ec2_tag",
      "name": "igw_067fed3ddf94bbad0_aws_cloudformation_stack_id",
      "provider": "provider[\"registry.terraform.io/hashicorp/aws\"]",
      "instances": [
        {
          "schema_version": 0,
          "attributes": {
            "id": "igw-067fed3ddf94bbad0,aws:cloudformation:stack-id",
            "key": "aws:cloudformation:stack-id",
            "resource_id": "igw-067fed3ddf94bbad0",
            "value": "arn:aws-us-gov:cloudformation:us-gov-west-1:050779347855:stack/DeveloperToolsVpc/5850dfe0-d24e-11ec-8ca3-0202430dbe4e"
          },
          "sensitive_attributes": []
        }
      ]
    },
    {
      "mode": "managed",
      "type": "aws_ec2_tag",
      "name": "igw_067fed3ddf94bbad0_aws_cloudformation_stack_name",
      "provider": "provider[\"registry.terraform.io/hashicorp/aws\"]",
      "instances": [
        {
          "schema_version": 0,
          "attributes": {
            "id": "igw-067fed3ddf94bbad0,aws:cloudformation:stack-name",
            "key": "aws:cloudformation:stack-name",
            "resource_id": "igw-067fed3ddf94bbad0",
            "value": "DeveloperToolsVpc"
          },
          "sensitive_attributes": []
        }
      ]
    },
    {
      "mode": "managed",
      "type": "aws_ec2_tag",
      "name": "igw_0fd5d14925b7fcf92_DeploymentEnvironment",
      "provider": "provider[\"registry.terraform.io/hashicorp/aws\"]",
      "instances": [
        {
          "schema_version": 0,
          "attributes": {
            "id": "igw-0fd5d14925b7fcf92,DeploymentEnvironment",
            "key": "DeploymentEnvironment",
            "resource_id": "igw-0fd5d14925b7fcf92",
            "value": "production"
          },
          "sensitive_attributes": []
        }
      ]
    },
    {
      "mode": "managed",
      "type": "aws_ec2_tag",
      "name": "igw_0fd5d14925b7fcf92_Name",
      "provider": "provider[\"registry.terraform.io/hashicorp/aws\"]",
      "instances": [
        {
          "schema_version": 0,
          "attributes": {
            "id": "igw-0fd5d14925b7fcf92,Name",
            "key": "Name",
            "resource_id": "igw-0fd5d14925b7fcf92",
            "value": "production"
          },
          "sensitive_attributes": []
        }
      ]
    },
    {
      "mode": "managed",
      "type": "aws_ec2_tag",
      "name": "igw_0fd5d14925b7fcf92_aws_cloudformation_logical_id",
      "provider": "provider[\"registry.terraform.io/hashicorp/aws\"]",
      "instances": [
        {
          "schema_version": 0,
          "attributes": {
            "id": "igw-0fd5d14925b7fcf92,aws:cloudformation:logical-id",
            "key": "aws:cloudformation:logical-id",
            "resource_id": "igw-0fd5d14925b7fcf92",
            "value": "InternetGateway"
          },
          "sensitive_attributes": []
        }
      ]
    },
    {
      "mode": "managed",
      "type": "aws_ec2_tag",
      "name": "igw_0fd5d14925b7fcf92_aws_cloudformation_stack_id",
      "provider": "provider[\"registry.terraform.io/hashicorp/aws\"]",
      "instances": [
        {
          "schema_version": 0,
          "attributes": {
            "id": "igw-0fd5d14925b7fcf92,aws:cloudformation:stack-id",
            "key": "aws:cloudformation:stack-id",
            "resource_id": "igw-0fd5d14925b7fcf92",
            "value": "arn:aws-us-gov:cloudformation:us-gov-west-1:050779347855:stack/ProductionVPC/e28075a0-d257-11ec-bd87-02113c9a3bae"
          },
          "sensitive_attributes": []
        }
      ]
    },
    {
      "mode": "managed",
      "type": "aws_ec2_tag",
      "name": "igw_0fd5d14925b7fcf92_aws_cloudformation_stack_name",
      "provider": "provider[\"registry.terraform.io/hashicorp/aws\"]",
      "instances": [
        {
          "schema_version": 0,
          "attributes": {
            "id": "igw-0fd5d14925b7fcf92,aws:cloudformation:stack-name",
            "key": "aws:cloudformation:stack-name",
            "resource_id": "igw-0fd5d14925b7fcf92",
            "value": "ProductionVPC"
          },
          "sensitive_attributes": []
        }
      ]
    },
    {
      "mode": "managed",
      "type": "aws_ec2_tag",
      "name": "nat_0955f97e2eb10272c_DeploymentEnvironment",
      "provider": "provider[\"registry.terraform.io/hashicorp/aws\"]",
      "instances": [
        {
          "schema_version": 0,
          "attributes": {
            "id": "nat-0955f97e2eb10272c,DeploymentEnvironment",
            "key": "DeploymentEnvironment",
            "resource_id": "nat-0955f97e2eb10272c",
            "value": "production"
          },
          "sensitive_attributes": []
        }
      ]
    },
    {
      "mode": "managed",
      "type": "aws_ec2_tag",
      "name": "nat_0955f97e2eb10272c_Name",
      "provider": "provider[\"registry.terraform.io/hashicorp/aws\"]",
      "instances": [
        {
          "schema_version": 0,
          "attributes": {
            "id": "nat-0955f97e2eb10272c,Name",
            "key": "Name",
            "resource_id": "nat-0955f97e2eb10272c",
            "value": "production-nat-b"
          },
          "sensitive_attributes": []
        }
      ]
    },
    {
      "mode": "managed",
      "type": "aws_ec2_tag",
      "name": "nat_0955f97e2eb10272c_aws_cloudformation_logical_id",
      "provider": "provider[\"registry.terraform.io/hashicorp/aws\"]",
      "instances": [
        {
          "schema_version": 0,
          "attributes": {
            "id": "nat-0955f97e2eb10272c,aws:cloudformation:logical-id",
            "key": "aws:cloudformation:logical-id",
            "resource_id": "nat-0955f97e2eb10272c",
            "value": "NatGatewayB"
          },
          "sensitive_attributes": []
        }
      ]
    },
    {
      "mode": "managed",
      "type": "aws_ec2_tag",
      "name": "nat_0955f97e2eb10272c_aws_cloudformation_stack_id",
      "provider": "provider[\"registry.terraform.io/hashicorp/aws\"]",
      "instances": [
        {
          "schema_version": 0,
          "attributes": {
            "id": "nat-0955f97e2eb10272c,aws:cloudformation:stack-id",
            "key": "aws:cloudformation:stack-id",
            "resource_id": "nat-0955f97e2eb10272c",
            "value": "arn:aws-us-gov:cloudformation:us-gov-west-1:050779347855:stack/ProductionVPC/e28075a0-d257-11ec-bd87-02113c9a3bae"
          },
          "sensitive_attributes": []
        }
      ]
    },
    {
      "mode": "managed",
      "type": "aws_ec2_tag",
      "name": "nat_0955f97e2eb10272c_aws_cloudformation_stack_name",
      "provider": "provider[\"registry.terraform.io/hashicorp/aws\"]",
      "instances": [
        {
          "schema_version": 0,
          "attributes": {
            "id": "nat-0955f97e2eb10272c,aws:cloudformation:stack-name",
            "key": "aws:cloudformation:stack-name",
            "resource_id": "nat-0955f97e2eb10272c",
            "value": "ProductionVPC"
          },
          "sensitive_attributes": []
        }
      ]
    },
    {
      "mode": "managed",
      "type": "aws_ec2_tag",
      "name": "nat_0a9c5c1c49f952d26_DeploymentEnvironment",
      "provider": "provider[\"registry.terraform.io/hashicorp/aws\"]",
      "instances": [
        {
          "schema_version": 0,
          "attributes": {
            "id": "nat-0a9c5c1c49f952d26,DeploymentEnvironment",
            "key": "DeploymentEnvironment",
            "resource_id": "nat-0a9c5c1c49f952d26",
            "value": "production"
          },
          "sensitive_attributes": []
        }
      ]
    },
    {
      "mode": "managed",
      "type": "aws_ec2_tag",
      "name": "nat_0a9c5c1c49f952d26_Name",
      "provider": "provider[\"registry.terraform.io/hashicorp/aws\"]",
      "instances": [
        {
          "schema_version": 0,
          "attributes": {
            "id": "nat-0a9c5c1c49f952d26,Name",
            "key": "Name",
            "resource_id": "nat-0a9c5c1c49f952d26",
            "value": "production-nat-a"
          },
          "sensitive_attributes": []
        }
      ]
    },
    {
      "mode": "managed",
      "type": "aws_ec2_tag",
      "name": "nat_0a9c5c1c49f952d26_aws_cloudformation_logical_id",
      "provider": "provider[\"registry.terraform.io/hashicorp/aws\"]",
      "instances": [
        {
          "schema_version": 0,
          "attributes": {
            "id": "nat-0a9c5c1c49f952d26,aws:cloudformation:logical-id",
            "key": "aws:cloudformation:logical-id",
            "resource_id": "nat-0a9c5c1c49f952d26",
            "value": "NatGatewayA"
          },
          "sensitive_attributes": []
        }
      ]
    },
    {
      "mode": "managed",
      "type": "aws_ec2_tag",
      "name": "nat_0a9c5c1c49f952d26_aws_cloudformation_stack_id",
      "provider": "provider[\"registry.terraform.io/hashicorp/aws\"]",
      "instances": [
        {
          "schema_version": 0,
          "attributes": {
            "id": "nat-0a9c5c1c49f952d26,aws:cloudformation:stack-id",
            "key": "aws:cloudformation:stack-id",
            "resource_id": "nat-0a9c5c1c49f952d26",
            "value": "arn:aws-us-gov:cloudformation:us-gov-west-1:050779347855:stack/ProductionVPC/e28075a0-d257-11ec-bd87-02113c9a3bae"
          },
          "sensitive_attributes": []
        }
      ]
    },
    {
      "mode": "managed",
      "type": "aws_ec2_tag",
      "name": "nat_0a9c5c1c49f952d26_aws_cloudformation_stack_name",
      "provider": "provider[\"registry.terraform.io/hashicorp/aws\"]",
      "instances": [
        {
          "schema_version": 0,
          "attributes": {
            "id": "nat-0a9c5c1c49f952d26,aws:cloudformation:stack-name",
            "key": "aws:cloudformation:stack-name",
            "resource_id": "nat-0a9c5c1c49f952d26",
            "value": "ProductionVPC"
          },
          "sensitive_attributes": []
        }
      ]
    },
    {
      "mode": "managed",
      "type": "aws_ec2_tag",
      "name": "nat_0d8b2f0ad23aa7527_DeploymentEnvironment",
      "provider": "provider[\"registry.terraform.io/hashicorp/aws\"]",
      "instances": [
        {
          "schema_version": 0,
          "attributes": {
            "id": "nat-0d8b2f0ad23aa7527,DeploymentEnvironment",
            "key": "DeploymentEnvironment",
            "resource_id": "nat-0d8b2f0ad23aa7527",
            "value": "production"
          },
          "sensitive_attributes": []
        }
      ]
    },
    {
      "mode": "managed",
      "type": "aws_ec2_tag",
      "name": "nat_0d8b2f0ad23aa7527_Name",
      "provider": "provider[\"registry.terraform.io/hashicorp/aws\"]",
      "instances": [
        {
          "schema_version": 0,
          "attributes": {
            "id": "nat-0d8b2f0ad23aa7527,Name",
            "key": "Name",
            "resource_id": "nat-0d8b2f0ad23aa7527",
            "value": "production-nat-c"
          },
          "sensitive_attributes": []
        }
      ]
    },
    {
      "mode": "managed",
      "type": "aws_ec2_tag",
      "name": "nat_0d8b2f0ad23aa7527_aws_cloudformation_logical_id",
      "provider": "provider[\"registry.terraform.io/hashicorp/aws\"]",
      "instances": [
        {
          "schema_version": 0,
          "attributes": {
            "id": "nat-0d8b2f0ad23aa7527,aws:cloudformation:logical-id",
            "key": "aws:cloudformation:logical-id",
            "resource_id": "nat-0d8b2f0ad23aa7527",
            "value": "NatGatewayC"
          },
          "sensitive_attributes": []
        }
      ]
    },
    {
      "mode": "managed",
      "type": "aws_ec2_tag",
      "name": "nat_0d8b2f0ad23aa7527_aws_cloudformation_stack_id",
      "provider": "provider[\"registry.terraform.io/hashicorp/aws\"]",
      "instances": [
        {
          "schema_version": 0,
          "attributes": {
            "id": "nat-0d8b2f0ad23aa7527,aws:cloudformation:stack-id",
            "key": "aws:cloudformation:stack-id",
            "resource_id": "nat-0d8b2f0ad23aa7527",
            "value": "arn:aws-us-gov:cloudformation:us-gov-west-1:050779347855:stack/ProductionVPC/e28075a0-d257-11ec-bd87-02113c9a3bae"
          },
          "sensitive_attributes": []
        }
      ]
    },
    {
      "mode": "managed",
      "type": "aws_ec2_tag",
      "name": "nat_0d8b2f0ad23aa7527_aws_cloudformation_stack_name",
      "provider": "provider[\"registry.terraform.io/hashicorp/aws\"]",
      "instances": [
        {
          "schema_version": 0,
          "attributes": {
            "id": "nat-0d8b2f0ad23aa7527,aws:cloudformation:stack-name",
            "key": "aws:cloudformation:stack-name",
            "resource_id": "nat-0d8b2f0ad23aa7527",
            "value": "ProductionVPC"
          },
          "sensitive_attributes": []
        }
      ]
    },
    {
      "mode": "managed",
      "type": "aws_ec2_tag",
      "name": "pcx_0e687a961b2e51509_Name",
      "provider": "provider[\"registry.terraform.io/hashicorp/aws\"]",
      "instances": [
        {
          "schema_version": 0,
          "attributes": {
            "id": "pcx-0e687a961b2e51509,Name",
            "key": "Name",
            "resource_id": "pcx-0e687a961b2e51509",
            "value": "integration-DeveloperTools"
          },
          "sensitive_attributes": []
        }
      ]
    },
    {
      "mode": "managed",
      "type": "aws_ec2_tag",
      "name": "rtb_01b841faa1acf44ab_DeploymentEnvironment",
      "provider": "provider[\"registry.terraform.io/hashicorp/aws\"]",
      "instances": [
        {
          "schema_version": 0,
          "attributes": {
            "id": "rtb-01b841faa1acf44ab,DeploymentEnvironment",
            "key": "DeploymentEnvironment",
            "resource_id": "rtb-01b841faa1acf44ab",
            "value": "production"
          },
          "sensitive_attributes": []
        }
      ]
    },
    {
      "mode": "managed",
      "type": "aws_ec2_tag",
      "name": "rtb_01b841faa1acf44ab_Description",
      "provider": "provider[\"registry.terraform.io/hashicorp/aws\"]",
      "instances": [
        {
          "schema_version": 0,
          "attributes": {
            "id": "rtb-01b841faa1acf44ab,Description",
            "key": "Description",
            "resource_id": "rtb-01b841faa1acf44ab",
            "value": "Provides routes for private subnet a in the !Sub ${DeploymentEnvironment} VPC."
          },
          "sensitive_attributes": []
        }
      ]
    },
    {
      "mode": "managed",
      "type": "aws_ec2_tag",
      "name": "rtb_01b841faa1acf44ab_Name",
      "provider": "provider[\"registry.terraform.io/hashicorp/aws\"]",
      "instances": [
        {
          "schema_version": 0,
          "attributes": {
            "id": "rtb-01b841faa1acf44ab,Name",
            "key": "Name",
            "resource_id": "rtb-01b841faa1acf44ab",
            "value": "production-private-a"
          },
          "sensitive_attributes": []
        }
      ]
    },
    {
      "mode": "managed",
      "type": "aws_ec2_tag",
      "name": "rtb_01b841faa1acf44ab_aws_cloudformation_logical_id",
      "provider": "provider[\"registry.terraform.io/hashicorp/aws\"]",
      "instances": [
        {
          "schema_version": 0,
          "attributes": {
            "id": "rtb-01b841faa1acf44ab,aws:cloudformation:logical-id",
            "key": "aws:cloudformation:logical-id",
            "resource_id": "rtb-01b841faa1acf44ab",
            "value": "PrivateRouteTableA"
          },
          "sensitive_attributes": []
        }
      ]
    },
    {
      "mode": "managed",
      "type": "aws_ec2_tag",
      "name": "rtb_01b841faa1acf44ab_aws_cloudformation_stack_id",
      "provider": "provider[\"registry.terraform.io/hashicorp/aws\"]",
      "instances": [
        {
          "schema_version": 0,
          "attributes": {
            "id": "rtb-01b841faa1acf44ab,aws:cloudformation:stack-id",
            "key": "aws:cloudformation:stack-id",
            "resource_id": "rtb-01b841faa1acf44ab",
            "value": "arn:aws-us-gov:cloudformation:us-gov-west-1:050779347855:stack/ProductionVPC/e28075a0-d257-11ec-bd87-02113c9a3bae"
          },
          "sensitive_attributes": []
        }
      ]
    },
    {
      "mode": "managed",
      "type": "aws_ec2_tag",
      "name": "rtb_01b841faa1acf44ab_aws_cloudformation_stack_name",
      "provider": "provider[\"registry.terraform.io/hashicorp/aws\"]",
      "instances": [
        {
          "schema_version": 0,
          "attributes": {
            "id": "rtb-01b841faa1acf44ab,aws:cloudformation:stack-name",
            "key": "aws:cloudformation:stack-name",
            "resource_id": "rtb-01b841faa1acf44ab",
            "value": "ProductionVPC"
          },
          "sensitive_attributes": []
        }
      ]
    },
    {
      "mode": "managed",
      "type": "aws_ec2_tag",
      "name": "rtb_02056949513302f39_DeploymentEnvironment",
      "provider": "provider[\"registry.terraform.io/hashicorp/aws\"]",
      "instances": [
        {
          "schema_version": 0,
          "attributes": {
            "id": "rtb-02056949513302f39,DeploymentEnvironment",
            "key": "DeploymentEnvironment",
            "resource_id": "rtb-02056949513302f39",
            "value": "production"
          },
          "sensitive_attributes": []
        }
      ]
    },
    {
      "mode": "managed",
      "type": "aws_ec2_tag",
      "name": "rtb_02056949513302f39_Description",
      "provider": "provider[\"registry.terraform.io/hashicorp/aws\"]",
      "instances": [
        {
          "schema_version": 0,
          "attributes": {
            "id": "rtb-02056949513302f39,Description",
            "key": "Description",
            "resource_id": "rtb-02056949513302f39",
            "value": "Provides routes for public subnets in the !Sub ${DeploymentEnvironment} VPC."
          },
          "sensitive_attributes": []
        }
      ]
    },
    {
      "mode": "managed",
      "type": "aws_ec2_tag",
      "name": "rtb_02056949513302f39_Name",
      "provider": "provider[\"registry.terraform.io/hashicorp/aws\"]",
      "instances": [
        {
          "schema_version": 0,
          "attributes": {
            "id": "rtb-02056949513302f39,Name",
            "key": "Name",
            "resource_id": "rtb-02056949513302f39",
            "value": "production-public"
          },
          "sensitive_attributes": []
        }
      ]
    },
    {
      "mode": "managed",
      "type": "aws_ec2_tag",
      "name": "rtb_02056949513302f39_aws_cloudformation_logical_id",
      "provider": "provider[\"registry.terraform.io/hashicorp/aws\"]",
      "instances": [
        {
          "schema_version": 0,
          "attributes": {
            "id": "rtb-02056949513302f39,aws:cloudformation:logical-id",
            "key": "aws:cloudformation:logical-id",
            "resource_id": "rtb-02056949513302f39",
            "value": "PublicRouteTable"
          },
          "sensitive_attributes": []
        }
      ]
    },
    {
      "mode": "managed",
      "type": "aws_ec2_tag",
      "name": "rtb_02056949513302f39_aws_cloudformation_stack_id",
      "provider": "provider[\"registry.terraform.io/hashicorp/aws\"]",
      "instances": [
        {
          "schema_version": 0,
          "attributes": {
            "id": "rtb-02056949513302f39,aws:cloudformation:stack-id",
            "key": "aws:cloudformation:stack-id",
            "resource_id": "rtb-02056949513302f39",
            "value": "arn:aws-us-gov:cloudformation:us-gov-west-1:050779347855:stack/ProductionVPC/e28075a0-d257-11ec-bd87-02113c9a3bae"
          },
          "sensitive_attributes": []
        }
      ]
    },
    {
      "mode": "managed",
      "type": "aws_ec2_tag",
      "name": "rtb_02056949513302f39_aws_cloudformation_stack_name",
      "provider": "provider[\"registry.terraform.io/hashicorp/aws\"]",
      "instances": [
        {
          "schema_version": 0,
          "attributes": {
            "id": "rtb-02056949513302f39,aws:cloudformation:stack-name",
            "key": "aws:cloudformation:stack-name",
            "resource_id": "rtb-02056949513302f39",
            "value": "ProductionVPC"
          },
          "sensitive_attributes": []
        }
      ]
    },
    {
      "mode": "managed",
      "type": "aws_ec2_tag",
      "name": "rtb_0b69ef69e0995469a_Description",
      "provider": "provider[\"registry.terraform.io/hashicorp/aws\"]",
      "instances": [
        {
          "schema_version": 0,
          "attributes": {
            "id": "rtb-0b69ef69e0995469a,Description",
            "key": "Description",
            "resource_id": "rtb-0b69ef69e0995469a",
            "value": "Provides routes for public subnets in the ThirdParty VPC."
          },
          "sensitive_attributes": []
        }
      ]
    },
    {
      "mode": "managed",
      "type": "aws_ec2_tag",
      "name": "rtb_0b69ef69e0995469a_Name",
      "provider": "provider[\"registry.terraform.io/hashicorp/aws\"]",
      "instances": [
        {
          "schema_version": 0,
          "attributes": {
            "id": "rtb-0b69ef69e0995469a,Name",
            "key": "Name",
            "resource_id": "rtb-0b69ef69e0995469a",
            "value": "ThirdParty-public"
          },
          "sensitive_attributes": []
        }
      ]
    },
    {
      "mode": "managed",
      "type": "aws_ec2_tag",
      "name": "rtb_0b69ef69e0995469a_aws_cloudformation_logical_id",
      "provider": "provider[\"registry.terraform.io/hashicorp/aws\"]",
      "instances": [
        {
          "schema_version": 0,
          "attributes": {
            "id": "rtb-0b69ef69e0995469a,aws:cloudformation:logical-id",
            "key": "aws:cloudformation:logical-id",
            "resource_id": "rtb-0b69ef69e0995469a",
            "value": "PublicRouteTable"
          },
          "sensitive_attributes": []
        }
      ]
    },
    {
      "mode": "managed",
      "type": "aws_ec2_tag",
      "name": "rtb_0b69ef69e0995469a_aws_cloudformation_stack_id",
      "provider": "provider[\"registry.terraform.io/hashicorp/aws\"]",
      "instances": [
        {
          "schema_version": 0,
          "attributes": {
            "id": "rtb-0b69ef69e0995469a,aws:cloudformation:stack-id",
            "key": "aws:cloudformation:stack-id",
            "resource_id": "rtb-0b69ef69e0995469a",
            "value": "arn:aws-us-gov:cloudformation:us-gov-west-1:050779347855:stack/ThirdPartyVPC/b9e1f1f0-d24d-11ec-864f-0afb90a38fc8"
          },
          "sensitive_attributes": []
        }
      ]
    },
    {
      "mode": "managed",
      "type": "aws_ec2_tag",
      "name": "rtb_0b69ef69e0995469a_aws_cloudformation_stack_name",
      "provider": "provider[\"registry.terraform.io/hashicorp/aws\"]",
      "instances": [
        {
          "schema_version": 0,
          "attributes": {
            "id": "rtb-0b69ef69e0995469a,aws:cloudformation:stack-name",
            "key": "aws:cloudformation:stack-name",
            "resource_id": "rtb-0b69ef69e0995469a",
            "value": "ThirdPartyVPC"
          },
          "sensitive_attributes": []
        }
      ]
    },
    {
      "mode": "managed",
      "type": "aws_ec2_tag",
      "name": "rtb_0c3d02600a29b9644_DeploymentEnvironment",
      "provider": "provider[\"registry.terraform.io/hashicorp/aws\"]",
      "instances": [
        {
          "schema_version": 0,
          "attributes": {
            "id": "rtb-0c3d02600a29b9644,DeploymentEnvironment",
            "key": "DeploymentEnvironment",
            "resource_id": "rtb-0c3d02600a29b9644",
            "value": "production"
          },
          "sensitive_attributes": []
        }
      ]
    },
    {
      "mode": "managed",
      "type": "aws_ec2_tag",
      "name": "rtb_0c3d02600a29b9644_Description",
      "provider": "provider[\"registry.terraform.io/hashicorp/aws\"]",
      "instances": [
        {
          "schema_version": 0,
          "attributes": {
            "id": "rtb-0c3d02600a29b9644,Description",
            "key": "Description",
            "resource_id": "rtb-0c3d02600a29b9644",
            "value": "Provides routes for private subnet b in the !Sub ${DeploymentEnvironment} VPC."
          },
          "sensitive_attributes": []
        }
      ]
    },
    {
      "mode": "managed",
      "type": "aws_ec2_tag",
      "name": "rtb_0c3d02600a29b9644_Name",
      "provider": "provider[\"registry.terraform.io/hashicorp/aws\"]",
      "instances": [
        {
          "schema_version": 0,
          "attributes": {
            "id": "rtb-0c3d02600a29b9644,Name",
            "key": "Name",
            "resource_id": "rtb-0c3d02600a29b9644",
            "value": "production-private-b"
          },
          "sensitive_attributes": []
        }
      ]
    },
    {
      "mode": "managed",
      "type": "aws_ec2_tag",
      "name": "rtb_0c3d02600a29b9644_aws_cloudformation_logical_id",
      "provider": "provider[\"registry.terraform.io/hashicorp/aws\"]",
      "instances": [
        {
          "schema_version": 0,
          "attributes": {
            "id": "rtb-0c3d02600a29b9644,aws:cloudformation:logical-id",
            "key": "aws:cloudformation:logical-id",
            "resource_id": "rtb-0c3d02600a29b9644",
            "value": "PrivateRouteTableB"
          },
          "sensitive_attributes": []
        }
      ]
    },
    {
      "mode": "managed",
      "type": "aws_ec2_tag",
      "name": "rtb_0c3d02600a29b9644_aws_cloudformation_stack_id",
      "provider": "provider[\"registry.terraform.io/hashicorp/aws\"]",
      "instances": [
        {
          "schema_version": 0,
          "attributes": {
            "id": "rtb-0c3d02600a29b9644,aws:cloudformation:stack-id",
            "key": "aws:cloudformation:stack-id",
            "resource_id": "rtb-0c3d02600a29b9644",
            "value": "arn:aws-us-gov:cloudformation:us-gov-west-1:050779347855:stack/ProductionVPC/e28075a0-d257-11ec-bd87-02113c9a3bae"
          },
          "sensitive_attributes": []
        }
      ]
    },
    {
      "mode": "managed",
      "type": "aws_ec2_tag",
      "name": "rtb_0c3d02600a29b9644_aws_cloudformation_stack_name",
      "provider": "provider[\"registry.terraform.io/hashicorp/aws\"]",
      "instances": [
        {
          "schema_version": 0,
          "attributes": {
            "id": "rtb-0c3d02600a29b9644,aws:cloudformation:stack-name",
            "key": "aws:cloudformation:stack-name",
            "resource_id": "rtb-0c3d02600a29b9644",
            "value": "ProductionVPC"
          },
          "sensitive_attributes": []
        }
      ]
    },
    {
      "mode": "managed",
      "type": "aws_ec2_tag",
      "name": "rtb_0e001cff6079c7c1e_DeploymentEnvironment",
      "provider": "provider[\"registry.terraform.io/hashicorp/aws\"]",
      "instances": [
        {
          "schema_version": 0,
          "attributes": {
            "id": "rtb-0e001cff6079c7c1e,DeploymentEnvironment",
            "key": "DeploymentEnvironment",
            "resource_id": "rtb-0e001cff6079c7c1e",
            "value": "production"
          },
          "sensitive_attributes": []
        }
      ]
    },
    {
      "mode": "managed",
      "type": "aws_ec2_tag",
      "name": "rtb_0e001cff6079c7c1e_Description",
      "provider": "provider[\"registry.terraform.io/hashicorp/aws\"]",
      "instances": [
        {
          "schema_version": 0,
          "attributes": {
            "id": "rtb-0e001cff6079c7c1e,Description",
            "key": "Description",
            "resource_id": "rtb-0e001cff6079c7c1e",
            "value": "Provides routes for private subnet c in the !Sub ${DeploymentEnvironment} VPC."
          },
          "sensitive_attributes": []
        }
      ]
    },
    {
      "mode": "managed",
      "type": "aws_ec2_tag",
      "name": "rtb_0e001cff6079c7c1e_Name",
      "provider": "provider[\"registry.terraform.io/hashicorp/aws\"]",
      "instances": [
        {
          "schema_version": 0,
          "attributes": {
            "id": "rtb-0e001cff6079c7c1e,Name",
            "key": "Name",
            "resource_id": "rtb-0e001cff6079c7c1e",
            "value": "production-private-c"
          },
          "sensitive_attributes": []
        }
      ]
    },
    {
      "mode": "managed",
      "type": "aws_ec2_tag",
      "name": "rtb_0e001cff6079c7c1e_aws_cloudformation_logical_id",
      "provider": "provider[\"registry.terraform.io/hashicorp/aws\"]",
      "instances": [
        {
          "schema_version": 0,
          "attributes": {
            "id": "rtb-0e001cff6079c7c1e,aws:cloudformation:logical-id",
            "key": "aws:cloudformation:logical-id",
            "resource_id": "rtb-0e001cff6079c7c1e",
            "value": "PrivateRouteTableC"
          },
          "sensitive_attributes": []
        }
      ]
    },
    {
      "mode": "managed",
      "type": "aws_ec2_tag",
      "name": "rtb_0e001cff6079c7c1e_aws_cloudformation_stack_id",
      "provider": "provider[\"registry.terraform.io/hashicorp/aws\"]",
      "instances": [
        {
          "schema_version": 0,
          "attributes": {
            "id": "rtb-0e001cff6079c7c1e,aws:cloudformation:stack-id",
            "key": "aws:cloudformation:stack-id",
            "resource_id": "rtb-0e001cff6079c7c1e",
            "value": "arn:aws-us-gov:cloudformation:us-gov-west-1:050779347855:stack/ProductionVPC/e28075a0-d257-11ec-bd87-02113c9a3bae"
          },
          "sensitive_attributes": []
        }
      ]
    },
    {
      "mode": "managed",
      "type": "aws_ec2_tag",
      "name": "rtb_0e001cff6079c7c1e_aws_cloudformation_stack_name",
      "provider": "provider[\"registry.terraform.io/hashicorp/aws\"]",
      "instances": [
        {
          "schema_version": 0,
          "attributes": {
            "id": "rtb-0e001cff6079c7c1e,aws:cloudformation:stack-name",
            "key": "aws:cloudformation:stack-name",
            "resource_id": "rtb-0e001cff6079c7c1e",
            "value": "ProductionVPC"
          },
          "sensitive_attributes": []
        }
      ]
    },
    {
      "mode": "managed",
      "type": "aws_ec2_tag",
      "name": "rtb_0f8e708d7686aeffe_DeploymentEnvironment",
      "provider": "provider[\"registry.terraform.io/hashicorp/aws\"]",
      "instances": [
        {
          "schema_version": 0,
          "attributes": {
            "id": "rtb-0f8e708d7686aeffe,DeploymentEnvironment",
            "key": "DeploymentEnvironment",
            "resource_id": "rtb-0f8e708d7686aeffe",
            "value": "DeveloperTools"
          },
          "sensitive_attributes": []
        }
      ]
    },
    {
      "mode": "managed",
      "type": "aws_ec2_tag",
      "name": "rtb_0f8e708d7686aeffe_Description",
      "provider": "provider[\"registry.terraform.io/hashicorp/aws\"]",
      "instances": [
        {
          "schema_version": 0,
          "attributes": {
            "id": "rtb-0f8e708d7686aeffe,Description",
            "key": "Description",
            "resource_id": "rtb-0f8e708d7686aeffe",
            "value": "Provides routes for public subnets in the DeveloperTools VPC."
          },
          "sensitive_attributes": []
        }
      ]
    },
    {
      "mode": "managed",
      "type": "aws_ec2_tag",
      "name": "rtb_0f8e708d7686aeffe_Name",
      "provider": "provider[\"registry.terraform.io/hashicorp/aws\"]",
      "instances": [
        {
          "schema_version": 0,
          "attributes": {
            "id": "rtb-0f8e708d7686aeffe,Name",
            "key": "Name",
            "resource_id": "rtb-0f8e708d7686aeffe",
            "value": "DeveloperTools-public"
          },
          "sensitive_attributes": []
        }
      ]
    },
    {
      "mode": "managed",
      "type": "aws_ec2_tag",
      "name": "rtb_0f8e708d7686aeffe_aws_cloudformation_logical_id",
      "provider": "provider[\"registry.terraform.io/hashicorp/aws\"]",
      "instances": [
        {
          "schema_version": 0,
          "attributes": {
            "id": "rtb-0f8e708d7686aeffe,aws:cloudformation:logical-id",
            "key": "aws:cloudformation:logical-id",
            "resource_id": "rtb-0f8e708d7686aeffe",
            "value": "PublicRouteTable"
          },
          "sensitive_attributes": []
        }
      ]
    },
    {
      "mode": "managed",
      "type": "aws_ec2_tag",
      "name": "rtb_0f8e708d7686aeffe_aws_cloudformation_stack_id",
      "provider": "provider[\"registry.terraform.io/hashicorp/aws\"]",
      "instances": [
        {
          "schema_version": 0,
          "attributes": {
            "id": "rtb-0f8e708d7686aeffe,aws:cloudformation:stack-id",
            "key": "aws:cloudformation:stack-id",
            "resource_id": "rtb-0f8e708d7686aeffe",
            "value": "arn:aws-us-gov:cloudformation:us-gov-west-1:050779347855:stack/DeveloperToolsVpc/5850dfe0-d24e-11ec-8ca3-0202430dbe4e"
          },
          "sensitive_attributes": []
        }
      ]
    },
    {
      "mode": "managed",
      "type": "aws_ec2_tag",
      "name": "rtb_0f8e708d7686aeffe_aws_cloudformation_stack_name",
      "provider": "provider[\"registry.terraform.io/hashicorp/aws\"]",
      "instances": [
        {
          "schema_version": 0,
          "attributes": {
            "id": "rtb-0f8e708d7686aeffe,aws:cloudformation:stack-name",
            "key": "aws:cloudformation:stack-name",
            "resource_id": "rtb-0f8e708d7686aeffe",
            "value": "DeveloperToolsVpc"
          },
          "sensitive_attributes": []
        }
      ]
    },
    {
      "mode": "managed",
      "type": "aws_ec2_tag",
      "name": "sg_006b0c4ba4ce0eed7_Name",
      "provider": "provider[\"registry.terraform.io/hashicorp/aws\"]",
      "instances": [
        {
          "schema_version": 0,
          "attributes": {
            "id": "sg-006b0c4ba4ce0eed7,Name",
            "key": "Name",
            "resource_id": "sg-006b0c4ba4ce0eed7",
            "value": "form-service-blue"
          },
          "sensitive_attributes": []
        }
      ]
    },
    {
      "mode": "managed",
      "type": "aws_ec2_tag",
      "name": "sg_006b0c4ba4ce0eed7_aws_cloudformation_logical_id",
      "provider": "provider[\"registry.terraform.io/hashicorp/aws\"]",
      "instances": [
        {
          "schema_version": 0,
          "attributes": {
            "id": "sg-006b0c4ba4ce0eed7,aws:cloudformation:logical-id",
            "key": "aws:cloudformation:logical-id",
            "resource_id": "sg-006b0c4ba4ce0eed7",
            "value": "AWSEBLoadBalancerSecurityGroup"
          },
          "sensitive_attributes": []
        }
      ]
    },
    {
      "mode": "managed",
      "type": "aws_ec2_tag",
      "name": "sg_006b0c4ba4ce0eed7_aws_cloudformation_stack_id",
      "provider": "provider[\"registry.terraform.io/hashicorp/aws\"]",
      "instances": [
        {
          "schema_version": 0,
          "attributes": {
            "id": "sg-006b0c4ba4ce0eed7,aws:cloudformation:stack-id",
            "key": "aws:cloudformation:stack-id",
            "resource_id": "sg-006b0c4ba4ce0eed7",
            "value": "arn:aws-us-gov:cloudformation:us-gov-west-1:050779347855:stack/awseb-e-bmqqxwyjst-stack/3994f5a0-02f5-11ed-af7a-06a846c75e3e"
          },
          "sensitive_attributes": []
        }
      ]
    },
    {
      "mode": "managed",
      "type": "aws_ec2_tag",
      "name": "sg_006b0c4ba4ce0eed7_aws_cloudformation_stack_name",
      "provider": "provider[\"registry.terraform.io/hashicorp/aws\"]",
      "instances": [
        {
          "schema_version": 0,
          "attributes": {
            "id": "sg-006b0c4ba4ce0eed7,aws:cloudformation:stack-name",
            "key": "aws:cloudformation:stack-name",
            "resource_id": "sg-006b0c4ba4ce0eed7",
            "value": "awseb-e-bmqqxwyjst-stack"
          },
          "sensitive_attributes": []
        }
      ]
    },
    {
      "mode": "managed",
      "type": "aws_ec2_tag",
      "name": "sg_006b0c4ba4ce0eed7_elasticbeanstalk_environment_id",
      "provider": "provider[\"registry.terraform.io/hashicorp/aws\"]",
      "instances": [
        {
          "schema_version": 0,
          "attributes": {
            "id": "sg-006b0c4ba4ce0eed7,elasticbeanstalk:environment-id",
            "key": "elasticbeanstalk:environment-id",
            "resource_id": "sg-006b0c4ba4ce0eed7",
            "value": "e-bmqqxwyjst"
          },
          "sensitive_attributes": []
        }
      ]
    },
    {
      "mode": "managed",
      "type": "aws_ec2_tag",
      "name": "sg_006b0c4ba4ce0eed7_elasticbeanstalk_environment_name",
      "provider": "provider[\"registry.terraform.io/hashicorp/aws\"]",
      "instances": [
        {
          "schema_version": 0,
          "attributes": {
            "id": "sg-006b0c4ba4ce0eed7,elasticbeanstalk:environment-name",
            "key": "elasticbeanstalk:environment-name",
            "resource_id": "sg-006b0c4ba4ce0eed7",
            "value": "form-service-blue"
          },
          "sensitive_attributes": []
        }
      ]
    },
    {
      "mode": "managed",
      "type": "aws_ec2_tag",
      "name": "sg_00980b7da446e1fe7_Name",
      "provider": "provider[\"registry.terraform.io/hashicorp/aws\"]",
      "instances": [
        {
          "schema_version": 0,
          "attributes": {
            "id": "sg-00980b7da446e1fe7,Name",
            "key": "Name",
            "resource_id": "sg-00980b7da446e1fe7",
            "value": "book-service-green"
          },
          "sensitive_attributes": []
        }
      ]
    },
    {
      "mode": "managed",
      "type": "aws_ec2_tag",
      "name": "sg_00980b7da446e1fe7_aws_cloudformation_logical_id",
      "provider": "provider[\"registry.terraform.io/hashicorp/aws\"]",
      "instances": [
        {
          "schema_version": 0,
          "attributes": {
            "id": "sg-00980b7da446e1fe7,aws:cloudformation:logical-id",
            "key": "aws:cloudformation:logical-id",
            "resource_id": "sg-00980b7da446e1fe7",
            "value": "AWSEBSecurityGroup"
          },
          "sensitive_attributes": []
        }
      ]
    },
    {
      "mode": "managed",
      "type": "aws_ec2_tag",
      "name": "sg_00980b7da446e1fe7_aws_cloudformation_stack_id",
      "provider": "provider[\"registry.terraform.io/hashicorp/aws\"]",
      "instances": [
        {
          "schema_version": 0,
          "attributes": {
            "id": "sg-00980b7da446e1fe7,aws:cloudformation:stack-id",
            "key": "aws:cloudformation:stack-id",
            "resource_id": "sg-00980b7da446e1fe7",
            "value": "arn:aws-us-gov:cloudformation:us-gov-west-1:050779347855:stack/awseb-e-xmec4epg3c-stack/db5db102-386b-11ed-a507-0a18bf1f5516"
          },
          "sensitive_attributes": []
        }
      ]
    },
    {
      "mode": "managed",
      "type": "aws_ec2_tag",
      "name": "sg_00980b7da446e1fe7_aws_cloudformation_stack_name",
      "provider": "provider[\"registry.terraform.io/hashicorp/aws\"]",
      "instances": [
        {
          "schema_version": 0,
          "attributes": {
            "id": "sg-00980b7da446e1fe7,aws:cloudformation:stack-name",
            "key": "aws:cloudformation:stack-name",
            "resource_id": "sg-00980b7da446e1fe7",
            "value": "awseb-e-xmec4epg3c-stack"
          },
          "sensitive_attributes": []
        }
      ]
    },
    {
      "mode": "managed",
      "type": "aws_ec2_tag",
      "name": "sg_00980b7da446e1fe7_elasticbeanstalk_environment_id",
      "provider": "provider[\"registry.terraform.io/hashicorp/aws\"]",
      "instances": [
        {
          "schema_version": 0,
          "attributes": {
            "id": "sg-00980b7da446e1fe7,elasticbeanstalk:environment-id",
            "key": "elasticbeanstalk:environment-id",
            "resource_id": "sg-00980b7da446e1fe7",
            "value": "e-xmec4epg3c"
          },
          "sensitive_attributes": []
        }
      ]
    },
    {
      "mode": "managed",
      "type": "aws_ec2_tag",
      "name": "sg_00980b7da446e1fe7_elasticbeanstalk_environment_name",
      "provider": "provider[\"registry.terraform.io/hashicorp/aws\"]",
      "instances": [
        {
          "schema_version": 0,
          "attributes": {
            "id": "sg-00980b7da446e1fe7,elasticbeanstalk:environment-name",
            "key": "elasticbeanstalk:environment-name",
            "resource_id": "sg-00980b7da446e1fe7",
            "value": "book-service-green"
          },
          "sensitive_attributes": []
        }
      ]
    },
    {
      "mode": "managed",
      "type": "aws_ec2_tag",
      "name": "sg_00a3f418f039eac2a_Name",
      "provider": "provider[\"registry.terraform.io/hashicorp/aws\"]",
      "instances": [
        {
          "schema_version": 0,
          "attributes": {
            "id": "sg-00a3f418f039eac2a,Name",
            "key": "Name",
            "resource_id": "sg-00a3f418f039eac2a",
            "value": "mobile-client-gateway-blue"
          },
          "sensitive_attributes": []
        }
      ]
    },
    {
      "mode": "managed",
      "type": "aws_ec2_tag",
      "name": "sg_00a3f418f039eac2a_aws_cloudformation_logical_id",
      "provider": "provider[\"registry.terraform.io/hashicorp/aws\"]",
      "instances": [
        {
          "schema_version": 0,
          "attributes": {
            "id": "sg-00a3f418f039eac2a,aws:cloudformation:logical-id",
            "key": "aws:cloudformation:logical-id",
            "resource_id": "sg-00a3f418f039eac2a",
            "value": "AWSEBSecurityGroup"
          },
          "sensitive_attributes": []
        }
      ]
    },
    {
      "mode": "managed",
      "type": "aws_ec2_tag",
      "name": "sg_00a3f418f039eac2a_aws_cloudformation_stack_id",
      "provider": "provider[\"registry.terraform.io/hashicorp/aws\"]",
      "instances": [
        {
          "schema_version": 0,
          "attributes": {
            "id": "sg-00a3f418f039eac2a,aws:cloudformation:stack-id",
            "key": "aws:cloudformation:stack-id",
            "resource_id": "sg-00a3f418f039eac2a",
            "value": "arn:aws-us-gov:cloudformation:us-gov-west-1:050779347855:stack/awseb-e-pcw37ypdme-stack/d4f8d370-c345-11ed-bba7-02cbd686710c"
          },
          "sensitive_attributes": []
        }
      ]
    },
    {
      "mode": "managed",
      "type": "aws_ec2_tag",
      "name": "sg_00a3f418f039eac2a_aws_cloudformation_stack_name",
      "provider": "provider[\"registry.terraform.io/hashicorp/aws\"]",
      "instances": [
        {
          "schema_version": 0,
          "attributes": {
            "id": "sg-00a3f418f039eac2a,aws:cloudformation:stack-name",
            "key": "aws:cloudformation:stack-name",
            "resource_id": "sg-00a3f418f039eac2a",
            "value": "awseb-e-pcw37ypdme-stack"
          },
          "sensitive_attributes": []
        }
      ]
    },
    {
      "mode": "managed",
      "type": "aws_ec2_tag",
      "name": "sg_00a3f418f039eac2a_elasticbeanstalk_environment_id",
      "provider": "provider[\"registry.terraform.io/hashicorp/aws\"]",
      "instances": [
        {
          "schema_version": 0,
          "attributes": {
            "id": "sg-00a3f418f039eac2a,elasticbeanstalk:environment-id",
            "key": "elasticbeanstalk:environment-id",
            "resource_id": "sg-00a3f418f039eac2a",
            "value": "e-pcw37ypdme"
          },
          "sensitive_attributes": []
        }
      ]
    },
    {
      "mode": "managed",
      "type": "aws_ec2_tag",
      "name": "sg_00a3f418f039eac2a_elasticbeanstalk_environment_name",
      "provider": "provider[\"registry.terraform.io/hashicorp/aws\"]",
      "instances": [
        {
          "schema_version": 0,
          "attributes": {
            "id": "sg-00a3f418f039eac2a,elasticbeanstalk:environment-name",
            "key": "elasticbeanstalk:environment-name",
            "resource_id": "sg-00a3f418f039eac2a",
            "value": "mobile-client-gateway-blue"
          },
          "sensitive_attributes": []
        }
      ]
    },
    {
      "mode": "managed",
      "type": "aws_ec2_tag",
      "name": "sg_00d2e39f749c9f80c_DeploymentEnvironment",
      "provider": "provider[\"registry.terraform.io/hashicorp/aws\"]",
      "instances": [
        {
          "schema_version": 0,
          "attributes": {
            "id": "sg-00d2e39f749c9f80c,DeploymentEnvironment",
            "key": "DeploymentEnvironment",
            "resource_id": "sg-00d2e39f749c9f80c",
            "value": "DeveloperTools"
          },
          "sensitive_attributes": []
        }
      ]
    },
    {
      "mode": "managed",
      "type": "aws_ec2_tag",
      "name": "sg_00d2e39f749c9f80c_Name",
      "provider": "provider[\"registry.terraform.io/hashicorp/aws\"]",
      "instances": [
        {
          "schema_version": 0,
          "attributes": {
            "id": "sg-00d2e39f749c9f80c,Name",
            "key": "Name",
            "resource_id": "sg-00d2e39f749c9f80c",
            "value": "JenkinsSlave"
          },
          "sensitive_attributes": []
        }
      ]
    },
    {
      "mode": "managed",
      "type": "aws_ec2_tag",
      "name": "sg_00d2e39f749c9f80c_aws_cloudformation_logical_id",
      "provider": "provider[\"registry.terraform.io/hashicorp/aws\"]",
      "instances": [
        {
          "schema_version": 0,
          "attributes": {
            "id": "sg-00d2e39f749c9f80c,aws:cloudformation:logical-id",
            "key": "aws:cloudformation:logical-id",
            "resource_id": "sg-00d2e39f749c9f80c",
            "value": "JenkinsSlaveSecurityGroup"
          },
          "sensitive_attributes": []
        }
      ]
    },
    {
      "mode": "managed",
      "type": "aws_ec2_tag",
      "name": "sg_00d2e39f749c9f80c_aws_cloudformation_stack_id",
      "provider": "provider[\"registry.terraform.io/hashicorp/aws\"]",
      "instances": [
        {
          "schema_version": 0,
          "attributes": {
            "id": "sg-00d2e39f749c9f80c,aws:cloudformation:stack-id",
            "key": "aws:cloudformation:stack-id",
            "resource_id": "sg-00d2e39f749c9f80c",
            "value": "arn:aws-us-gov:cloudformation:us-gov-west-1:050779347855:stack/Jenkins/859c6070-d5f3-11ec-a495-029d9aaa7d66"
          },
          "sensitive_attributes": []
        }
      ]
    },
    {
      "mode": "managed",
      "type": "aws_ec2_tag",
      "name": "sg_00d2e39f749c9f80c_aws_cloudformation_stack_name",
      "provider": "provider[\"registry.terraform.io/hashicorp/aws\"]",
      "instances": [
        {
          "schema_version": 0,
          "attributes": {
            "id": "sg-00d2e39f749c9f80c,aws:cloudformation:stack-name",
            "key": "aws:cloudformation:stack-name",
            "resource_id": "sg-00d2e39f749c9f80c",
            "value": "Jenkins"
          },
          "sensitive_attributes": []
        }
      ]
    },
    {
      "mode": "managed",
      "type": "aws_ec2_tag",
      "name": "sg_00e4e569f9e6920de_Name",
      "provider": "provider[\"registry.terraform.io/hashicorp/aws\"]",
      "instances": [
        {
          "schema_version": 0,
          "attributes": {
            "id": "sg-00e4e569f9e6920de,Name",
            "key": "Name",
            "resource_id": "sg-00e4e569f9e6920de",
            "value": "internal-services-gateway-green"
          },
          "sensitive_attributes": []
        }
      ]
    },
    {
      "mode": "managed",
      "type": "aws_ec2_tag",
      "name": "sg_00e4e569f9e6920de_aws_cloudformation_logical_id",
      "provider": "provider[\"registry.terraform.io/hashicorp/aws\"]",
      "instances": [
        {
          "schema_version": 0,
          "attributes": {
            "id": "sg-00e4e569f9e6920de,aws:cloudformation:logical-id",
            "key": "aws:cloudformation:logical-id",
            "resource_id": "sg-00e4e569f9e6920de",
            "value": "AWSEBLoadBalancerSecurityGroup"
          },
          "sensitive_attributes": []
        }
      ]
    },
    {
      "mode": "managed",
      "type": "aws_ec2_tag",
      "name": "sg_00e4e569f9e6920de_aws_cloudformation_stack_id",
      "provider": "provider[\"registry.terraform.io/hashicorp/aws\"]",
      "instances": [
        {
          "schema_version": 0,
          "attributes": {
            "id": "sg-00e4e569f9e6920de,aws:cloudformation:stack-id",
            "key": "aws:cloudformation:stack-id",
            "resource_id": "sg-00e4e569f9e6920de",
            "value": "arn:aws-us-gov:cloudformation:us-gov-west-1:050779347855:stack/awseb-e-yd9s5vvfgp-stack/1e4152c0-ef37-11ec-a650-0609d503b30c"
          },
          "sensitive_attributes": []
        }
      ]
    },
    {
      "mode": "managed",
      "type": "aws_ec2_tag",
      "name": "sg_00e4e569f9e6920de_aws_cloudformation_stack_name",
      "provider": "provider[\"registry.terraform.io/hashicorp/aws\"]",
      "instances": [
        {
          "schema_version": 0,
          "attributes": {
            "id": "sg-00e4e569f9e6920de,aws:cloudformation:stack-name",
            "key": "aws:cloudformation:stack-name",
            "resource_id": "sg-00e4e569f9e6920de",
            "value": "awseb-e-yd9s5vvfgp-stack"
          },
          "sensitive_attributes": []
        }
      ]
    },
    {
      "mode": "managed",
      "type": "aws_ec2_tag",
      "name": "sg_00e4e569f9e6920de_elasticbeanstalk_environment_id",
      "provider": "provider[\"registry.terraform.io/hashicorp/aws\"]",
      "instances": [
        {
          "schema_version": 0,
          "attributes": {
            "id": "sg-00e4e569f9e6920de,elasticbeanstalk:environment-id",
            "key": "elasticbeanstalk:environment-id",
            "resource_id": "sg-00e4e569f9e6920de",
            "value": "e-yd9s5vvfgp"
          },
          "sensitive_attributes": []
        }
      ]
    },
    {
      "mode": "managed",
      "type": "aws_ec2_tag",
      "name": "sg_00e4e569f9e6920de_elasticbeanstalk_environment_name",
      "provider": "provider[\"registry.terraform.io/hashicorp/aws\"]",
      "instances": [
        {
          "schema_version": 0,
          "attributes": {
            "id": "sg-00e4e569f9e6920de,elasticbeanstalk:environment-name",
            "key": "elasticbeanstalk:environment-name",
            "resource_id": "sg-00e4e569f9e6920de",
            "value": "internal-services-gateway-green"
          },
          "sensitive_attributes": []
        }
      ]
    },
    {
      "mode": "managed",
      "type": "aws_ec2_tag",
      "name": "sg_01c091d8d9e740817_Name",
      "provider": "provider[\"registry.terraform.io/hashicorp/aws\"]",
      "instances": [
        {
          "schema_version": 0,
          "attributes": {
            "id": "sg-01c091d8d9e740817,Name",
            "key": "Name",
            "resource_id": "sg-01c091d8d9e740817",
            "value": "market-service-green"
          },
          "sensitive_attributes": []
        }
      ]
    },
    {
      "mode": "managed",
      "type": "aws_ec2_tag",
      "name": "sg_01c091d8d9e740817_aws_cloudformation_logical_id",
      "provider": "provider[\"registry.terraform.io/hashicorp/aws\"]",
      "instances": [
        {
          "schema_version": 0,
          "attributes": {
            "id": "sg-01c091d8d9e740817,aws:cloudformation:logical-id",
            "key": "aws:cloudformation:logical-id",
            "resource_id": "sg-01c091d8d9e740817",
            "value": "AWSEBLoadBalancerSecurityGroup"
          },
          "sensitive_attributes": []
        }
      ]
    },
    {
      "mode": "managed",
      "type": "aws_ec2_tag",
      "name": "sg_01c091d8d9e740817_aws_cloudformation_stack_id",
      "provider": "provider[\"registry.terraform.io/hashicorp/aws\"]",
      "instances": [
        {
          "schema_version": 0,
          "attributes": {
            "id": "sg-01c091d8d9e740817,aws:cloudformation:stack-id",
            "key": "aws:cloudformation:stack-id",
            "resource_id": "sg-01c091d8d9e740817",
            "value": "arn:aws-us-gov:cloudformation:us-gov-west-1:050779347855:stack/awseb-e-jhagz8maay-stack/d1a03680-cda1-11ed-8935-06938baa4238"
          },
          "sensitive_attributes": []
        }
      ]
    },
    {
      "mode": "managed",
      "type": "aws_ec2_tag",
      "name": "sg_01c091d8d9e740817_aws_cloudformation_stack_name",
      "provider": "provider[\"registry.terraform.io/hashicorp/aws\"]",
      "instances": [
        {
          "schema_version": 0,
          "attributes": {
            "id": "sg-01c091d8d9e740817,aws:cloudformation:stack-name",
            "key": "aws:cloudformation:stack-name",
            "resource_id": "sg-01c091d8d9e740817",
            "value": "awseb-e-jhagz8maay-stack"
          },
          "sensitive_attributes": []
        }
      ]
    },
    {
      "mode": "managed",
      "type": "aws_ec2_tag",
      "name": "sg_01c091d8d9e740817_elasticbeanstalk_environment_id",
      "provider": "provider[\"registry.terraform.io/hashicorp/aws\"]",
      "instances": [
        {
          "schema_version": 0,
          "attributes": {
            "id": "sg-01c091d8d9e740817,elasticbeanstalk:environment-id",
            "key": "elasticbeanstalk:environment-id",
            "resource_id": "sg-01c091d8d9e740817",
            "value": "e-jhagz8maay"
          },
          "sensitive_attributes": []
        }
      ]
    },
    {
      "mode": "managed",
      "type": "aws_ec2_tag",
      "name": "sg_01c091d8d9e740817_elasticbeanstalk_environment_name",
      "provider": "provider[\"registry.terraform.io/hashicorp/aws\"]",
      "instances": [
        {
          "schema_version": 0,
          "attributes": {
            "id": "sg-01c091d8d9e740817,elasticbeanstalk:environment-name",
            "key": "elasticbeanstalk:environment-name",
            "resource_id": "sg-01c091d8d9e740817",
            "value": "market-service-green"
          },
          "sensitive_attributes": []
        }
      ]
    },
    {
      "mode": "managed",
      "type": "aws_ec2_tag",
      "name": "sg_01ca32fbea5e7abce_Name",
      "provider": "provider[\"registry.terraform.io/hashicorp/aws\"]",
      "instances": [
        {
          "schema_version": 0,
          "attributes": {
            "id": "sg-01ca32fbea5e7abce,Name",
            "key": "Name",
            "resource_id": "sg-01ca32fbea5e7abce",
            "value": "identity-service-blue"
          },
          "sensitive_attributes": []
        }
      ]
    },
    {
      "mode": "managed",
      "type": "aws_ec2_tag",
      "name": "sg_01ca32fbea5e7abce_aws_cloudformation_logical_id",
      "provider": "provider[\"registry.terraform.io/hashicorp/aws\"]",
      "instances": [
        {
          "schema_version": 0,
          "attributes": {
            "id": "sg-01ca32fbea5e7abce,aws:cloudformation:logical-id",
            "key": "aws:cloudformation:logical-id",
            "resource_id": "sg-01ca32fbea5e7abce",
            "value": "AWSEBLoadBalancerSecurityGroup"
          },
          "sensitive_attributes": []
        }
      ]
    },
    {
      "mode": "managed",
      "type": "aws_ec2_tag",
      "name": "sg_01ca32fbea5e7abce_aws_cloudformation_stack_id",
      "provider": "provider[\"registry.terraform.io/hashicorp/aws\"]",
      "instances": [
        {
          "schema_version": 0,
          "attributes": {
            "id": "sg-01ca32fbea5e7abce,aws:cloudformation:stack-id",
            "key": "aws:cloudformation:stack-id",
            "resource_id": "sg-01ca32fbea5e7abce",
            "value": "arn:aws-us-gov:cloudformation:us-gov-west-1:050779347855:stack/awseb-e-udanqbam3f-stack/ad65d410-55a5-11ed-bcb9-06a846c75e3e"
          },
          "sensitive_attributes": []
        }
      ]
    },
    {
      "mode": "managed",
      "type": "aws_ec2_tag",
      "name": "sg_01ca32fbea5e7abce_aws_cloudformation_stack_name",
      "provider": "provider[\"registry.terraform.io/hashicorp/aws\"]",
      "instances": [
        {
          "schema_version": 0,
          "attributes": {
            "id": "sg-01ca32fbea5e7abce,aws:cloudformation:stack-name",
            "key": "aws:cloudformation:stack-name",
            "resource_id": "sg-01ca32fbea5e7abce",
            "value": "awseb-e-udanqbam3f-stack"
          },
          "sensitive_attributes": []
        }
      ]
    },
    {
      "mode": "managed",
      "type": "aws_ec2_tag",
      "name": "sg_01ca32fbea5e7abce_elasticbeanstalk_environment_id",
      "provider": "provider[\"registry.terraform.io/hashicorp/aws\"]",
      "instances": [
        {
          "schema_version": 0,
          "attributes": {
            "id": "sg-01ca32fbea5e7abce,elasticbeanstalk:environment-id",
            "key": "elasticbeanstalk:environment-id",
            "resource_id": "sg-01ca32fbea5e7abce",
            "value": "e-udanqbam3f"
          },
          "sensitive_attributes": []
        }
      ]
    },
    {
      "mode": "managed",
      "type": "aws_ec2_tag",
      "name": "sg_01ca32fbea5e7abce_elasticbeanstalk_environment_name",
      "provider": "provider[\"registry.terraform.io/hashicorp/aws\"]",
      "instances": [
        {
          "schema_version": 0,
          "attributes": {
            "id": "sg-01ca32fbea5e7abce,elasticbeanstalk:environment-name",
            "key": "elasticbeanstalk:environment-name",
            "resource_id": "sg-01ca32fbea5e7abce",
            "value": "identity-service-blue"
          },
          "sensitive_attributes": []
        }
      ]
    },
    {
      "mode": "managed",
      "type": "aws_ec2_tag",
      "name": "sg_01d6cae62e5454846_Access",
      "provider": "provider[\"registry.terraform.io/hashicorp/aws\"]",
      "instances": [
        {
          "schema_version": 0,
          "attributes": {
            "id": "sg-01d6cae62e5454846,Access",
            "key": "Access",
            "resource_id": "sg-01d6cae62e5454846",
            "value": "Developer"
          },
          "sensitive_attributes": []
        }
      ]
    },
    {
      "mode": "managed",
      "type": "aws_ec2_tag",
      "name": "sg_01d6cae62e5454846_DeploymentEnvironment",
      "provider": "provider[\"registry.terraform.io/hashicorp/aws\"]",
      "instances": [
        {
          "schema_version": 0,
          "attributes": {
            "id": "sg-01d6cae62e5454846,DeploymentEnvironment",
            "key": "DeploymentEnvironment",
            "resource_id": "sg-01d6cae62e5454846",
            "value": "DeveloperTools"
          },
          "sensitive_attributes": []
        }
      ]
    },
    {
      "mode": "managed",
      "type": "aws_ec2_tag",
      "name": "sg_01d6cae62e5454846_Name",
      "provider": "provider[\"registry.terraform.io/hashicorp/aws\"]",
      "instances": [
        {
          "schema_version": 0,
          "attributes": {
            "id": "sg-01d6cae62e5454846,Name",
            "key": "Name",
            "resource_id": "sg-01d6cae62e5454846",
            "value": "ssh-allogy-developer"
          },
          "sensitive_attributes": []
        }
      ]
    },
    {
      "mode": "managed",
      "type": "aws_ec2_tag",
      "name": "sg_01d6cae62e5454846_aws_cloudformation_logical_id",
      "provider": "provider[\"registry.terraform.io/hashicorp/aws\"]",
      "instances": [
        {
          "schema_version": 0,
          "attributes": {
            "id": "sg-01d6cae62e5454846,aws:cloudformation:logical-id",
            "key": "aws:cloudformation:logical-id",
            "resource_id": "sg-01d6cae62e5454846",
            "value": "AllogyDeveloperSSHSecurityGroup"
          },
          "sensitive_attributes": []
        }
      ]
    },
    {
      "mode": "managed",
      "type": "aws_ec2_tag",
      "name": "sg_01d6cae62e5454846_aws_cloudformation_stack_id",
      "provider": "provider[\"registry.terraform.io/hashicorp/aws\"]",
      "instances": [
        {
          "schema_version": 0,
          "attributes": {
            "id": "sg-01d6cae62e5454846,aws:cloudformation:stack-id",
            "key": "aws:cloudformation:stack-id",
            "resource_id": "sg-01d6cae62e5454846",
            "value": "arn:aws-us-gov:cloudformation:us-gov-west-1:050779347855:stack/DeveloperToolsVpc/5850dfe0-d24e-11ec-8ca3-0202430dbe4e"
          },
          "sensitive_attributes": []
        }
      ]
    },
    {
      "mode": "managed",
      "type": "aws_ec2_tag",
      "name": "sg_01d6cae62e5454846_aws_cloudformation_stack_name",
      "provider": "provider[\"registry.terraform.io/hashicorp/aws\"]",
      "instances": [
        {
          "schema_version": 0,
          "attributes": {
            "id": "sg-01d6cae62e5454846,aws:cloudformation:stack-name",
            "key": "aws:cloudformation:stack-name",
            "resource_id": "sg-01d6cae62e5454846",
            "value": "DeveloperToolsVpc"
          },
          "sensitive_attributes": []
        }
      ]
    },
    {
      "mode": "managed",
      "type": "aws_ec2_tag",
      "name": "sg_026b3cb094746c939_Name",
      "provider": "provider[\"registry.terraform.io/hashicorp/aws\"]",
      "instances": [
        {
          "schema_version": 0,
          "attributes": {
            "id": "sg-026b3cb094746c939,Name",
            "key": "Name",
            "resource_id": "sg-026b3cb094746c939",
            "value": "market-service-green"
          },
          "sensitive_attributes": []
        }
      ]
    },
    {
      "mode": "managed",
      "type": "aws_ec2_tag",
      "name": "sg_026b3cb094746c939_aws_cloudformation_logical_id",
      "provider": "provider[\"registry.terraform.io/hashicorp/aws\"]",
      "instances": [
        {
          "schema_version": 0,
          "attributes": {
            "id": "sg-026b3cb094746c939,aws:cloudformation:logical-id",
            "key": "aws:cloudformation:logical-id",
            "resource_id": "sg-026b3cb094746c939",
            "value": "AWSEBSecurityGroup"
          },
          "sensitive_attributes": []
        }
      ]
    },
    {
      "mode": "managed",
      "type": "aws_ec2_tag",
      "name": "sg_026b3cb094746c939_aws_cloudformation_stack_id",
      "provider": "provider[\"registry.terraform.io/hashicorp/aws\"]",
      "instances": [
        {
          "schema_version": 0,
          "attributes": {
            "id": "sg-026b3cb094746c939,aws:cloudformation:stack-id",
            "key": "aws:cloudformation:stack-id",
            "resource_id": "sg-026b3cb094746c939",
            "value": "arn:aws-us-gov:cloudformation:us-gov-west-1:050779347855:stack/awseb-e-jhagz8maay-stack/d1a03680-cda1-11ed-8935-06938baa4238"
          },
          "sensitive_attributes": []
        }
      ]
    },
    {
      "mode": "managed",
      "type": "aws_ec2_tag",
      "name": "sg_026b3cb094746c939_aws_cloudformation_stack_name",
      "provider": "provider[\"registry.terraform.io/hashicorp/aws\"]",
      "instances": [
        {
          "schema_version": 0,
          "attributes": {
            "id": "sg-026b3cb094746c939,aws:cloudformation:stack-name",
            "key": "aws:cloudformation:stack-name",
            "resource_id": "sg-026b3cb094746c939",
            "value": "awseb-e-jhagz8maay-stack"
          },
          "sensitive_attributes": []
        }
      ]
    },
    {
      "mode": "managed",
      "type": "aws_ec2_tag",
      "name": "sg_026b3cb094746c939_elasticbeanstalk_environment_id",
      "provider": "provider[\"registry.terraform.io/hashicorp/aws\"]",
      "instances": [
        {
          "schema_version": 0,
          "attributes": {
            "id": "sg-026b3cb094746c939,elasticbeanstalk:environment-id",
            "key": "elasticbeanstalk:environment-id",
            "resource_id": "sg-026b3cb094746c939",
            "value": "e-jhagz8maay"
          },
          "sensitive_attributes": []
        }
      ]
    },
    {
      "mode": "managed",
      "type": "aws_ec2_tag",
      "name": "sg_026b3cb094746c939_elasticbeanstalk_environment_name",
      "provider": "provider[\"registry.terraform.io/hashicorp/aws\"]",
      "instances": [
        {
          "schema_version": 0,
          "attributes": {
            "id": "sg-026b3cb094746c939,elasticbeanstalk:environment-name",
            "key": "elasticbeanstalk:environment-name",
            "resource_id": "sg-026b3cb094746c939",
            "value": "market-service-green"
          },
          "sensitive_attributes": []
        }
      ]
    },
    {
      "mode": "managed",
      "type": "aws_ec2_tag",
      "name": "sg_0296b2368533e84a8_Name",
      "provider": "provider[\"registry.terraform.io/hashicorp/aws\"]",
      "instances": [
        {
          "schema_version": 0,
          "attributes": {
            "id": "sg-0296b2368533e84a8,Name",
            "key": "Name",
            "resource_id": "sg-0296b2368533e84a8",
            "value": "dbt-clinician-web-green"
          },
          "sensitive_attributes": []
        }
      ]
    },
    {
      "mode": "managed",
      "type": "aws_ec2_tag",
      "name": "sg_0296b2368533e84a8_aws_cloudformation_logical_id",
      "provider": "provider[\"registry.terraform.io/hashicorp/aws\"]",
      "instances": [
        {
          "schema_version": 0,
          "attributes": {
            "id": "sg-0296b2368533e84a8,aws:cloudformation:logical-id",
            "key": "aws:cloudformation:logical-id",
            "resource_id": "sg-0296b2368533e84a8",
            "value": "AWSEBSecurityGroup"
          },
          "sensitive_attributes": []
        }
      ]
    },
    {
      "mode": "managed",
      "type": "aws_ec2_tag",
      "name": "sg_0296b2368533e84a8_aws_cloudformation_stack_id",
      "provider": "provider[\"registry.terraform.io/hashicorp/aws\"]",
      "instances": [
        {
          "schema_version": 0,
          "attributes": {
            "id": "sg-0296b2368533e84a8,aws:cloudformation:stack-id",
            "key": "aws:cloudformation:stack-id",
            "resource_id": "sg-0296b2368533e84a8",
            "value": "arn:aws-us-gov:cloudformation:us-gov-west-1:050779347855:stack/awseb-e-jgrjparfpf-stack/0f1615a0-1fe9-11ed-b252-06ca4f445a66"
          },
          "sensitive_attributes": []
        }
      ]
    },
    {
      "mode": "managed",
      "type": "aws_ec2_tag",
      "name": "sg_0296b2368533e84a8_aws_cloudformation_stack_name",
      "provider": "provider[\"registry.terraform.io/hashicorp/aws\"]",
      "instances": [
        {
          "schema_version": 0,
          "attributes": {
            "id": "sg-0296b2368533e84a8,aws:cloudformation:stack-name",
            "key": "aws:cloudformation:stack-name",
            "resource_id": "sg-0296b2368533e84a8",
            "value": "awseb-e-jgrjparfpf-stack"
          },
          "sensitive_attributes": []
        }
      ]
    },
    {
      "mode": "managed",
      "type": "aws_ec2_tag",
      "name": "sg_0296b2368533e84a8_elasticbeanstalk_environment_id",
      "provider": "provider[\"registry.terraform.io/hashicorp/aws\"]",
      "instances": [
        {
          "schema_version": 0,
          "attributes": {
            "id": "sg-0296b2368533e84a8,elasticbeanstalk:environment-id",
            "key": "elasticbeanstalk:environment-id",
            "resource_id": "sg-0296b2368533e84a8",
            "value": "e-jgrjparfpf"
          },
          "sensitive_attributes": []
        }
      ]
    },
    {
      "mode": "managed",
      "type": "aws_ec2_tag",
      "name": "sg_0296b2368533e84a8_elasticbeanstalk_environment_name",
      "provider": "provider[\"registry.terraform.io/hashicorp/aws\"]",
      "instances": [
        {
          "schema_version": 0,
          "attributes": {
            "id": "sg-0296b2368533e84a8,elasticbeanstalk:environment-name",
            "key": "elasticbeanstalk:environment-name",
            "resource_id": "sg-0296b2368533e84a8",
            "value": "dbt-clinician-web-green"
          },
          "sensitive_attributes": []
        }
      ]
    },
    {
      "mode": "managed",
      "type": "aws_ec2_tag",
      "name": "sg_02b8e9f6f4fa195b6_Name",
      "provider": "provider[\"registry.terraform.io/hashicorp/aws\"]",
      "instances": [
        {
          "schema_version": 0,
          "attributes": {
            "id": "sg-02b8e9f6f4fa195b6,Name",
            "key": "Name",
            "resource_id": "sg-02b8e9f6f4fa195b6",
            "value": "learner-web-ui-gateway-blue"
          },
          "sensitive_attributes": []
        }
      ]
    },
    {
      "mode": "managed",
      "type": "aws_ec2_tag",
      "name": "sg_02b8e9f6f4fa195b6_aws_cloudformation_logical_id",
      "provider": "provider[\"registry.terraform.io/hashicorp/aws\"]",
      "instances": [
        {
          "schema_version": 0,
          "attributes": {
            "id": "sg-02b8e9f6f4fa195b6,aws:cloudformation:logical-id",
            "key": "aws:cloudformation:logical-id",
            "resource_id": "sg-02b8e9f6f4fa195b6",
            "value": "AWSEBLoadBalancerSecurityGroup"
          },
          "sensitive_attributes": []
        }
      ]
    },
    {
      "mode": "managed",
      "type": "aws_ec2_tag",
      "name": "sg_02b8e9f6f4fa195b6_aws_cloudformation_stack_id",
      "provider": "provider[\"registry.terraform.io/hashicorp/aws\"]",
      "instances": [
        {
          "schema_version": 0,
          "attributes": {
            "id": "sg-02b8e9f6f4fa195b6,aws:cloudformation:stack-id",
            "key": "aws:cloudformation:stack-id",
            "resource_id": "sg-02b8e9f6f4fa195b6",
            "value": "arn:aws-us-gov:cloudformation:us-gov-west-1:050779347855:stack/awseb-e-59p3bpnwec-stack/5f360e30-03b7-11ed-93c0-06b45c2dc5aa"
          },
          "sensitive_attributes": []
        }
      ]
    },
    {
      "mode": "managed",
      "type": "aws_ec2_tag",
      "name": "sg_02b8e9f6f4fa195b6_aws_cloudformation_stack_name",
      "provider": "provider[\"registry.terraform.io/hashicorp/aws\"]",
      "instances": [
        {
          "schema_version": 0,
          "attributes": {
            "id": "sg-02b8e9f6f4fa195b6,aws:cloudformation:stack-name",
            "key": "aws:cloudformation:stack-name",
            "resource_id": "sg-02b8e9f6f4fa195b6",
            "value": "awseb-e-59p3bpnwec-stack"
          },
          "sensitive_attributes": []
        }
      ]
    },
    {
      "mode": "managed",
      "type": "aws_ec2_tag",
      "name": "sg_02b8e9f6f4fa195b6_elasticbeanstalk_environment_id",
      "provider": "provider[\"registry.terraform.io/hashicorp/aws\"]",
      "instances": [
        {
          "schema_version": 0,
          "attributes": {
            "id": "sg-02b8e9f6f4fa195b6,elasticbeanstalk:environment-id",
            "key": "elasticbeanstalk:environment-id",
            "resource_id": "sg-02b8e9f6f4fa195b6",
            "value": "e-59p3bpnwec"
          },
          "sensitive_attributes": []
        }
      ]
    },
    {
      "mode": "managed",
      "type": "aws_ec2_tag",
      "name": "sg_02b8e9f6f4fa195b6_elasticbeanstalk_environment_name",
      "provider": "provider[\"registry.terraform.io/hashicorp/aws\"]",
      "instances": [
        {
          "schema_version": 0,
          "attributes": {
            "id": "sg-02b8e9f6f4fa195b6,elasticbeanstalk:environment-name",
            "key": "elasticbeanstalk:environment-name",
            "resource_id": "sg-02b8e9f6f4fa195b6",
            "value": "learner-web-ui-gateway-blue"
          },
          "sensitive_attributes": []
        }
      ]
    },
    {
      "mode": "managed",
      "type": "aws_ec2_tag",
      "name": "sg_0313ffdf68606e618_DeploymentEnvironment",
      "provider": "provider[\"registry.terraform.io/hashicorp/aws\"]",
      "instances": [
        {
          "schema_version": 0,
          "attributes": {
            "id": "sg-0313ffdf68606e618,DeploymentEnvironment",
            "key": "DeploymentEnvironment",
            "resource_id": "sg-0313ffdf68606e618",
            "value": "production"
          },
          "sensitive_attributes": []
        }
      ]
    },
    {
      "mode": "managed",
      "type": "aws_ec2_tag",
      "name": "sg_0313ffdf68606e618_Name",
      "provider": "provider[\"registry.terraform.io/hashicorp/aws\"]",
      "instances": [
        {
          "schema_version": 0,
          "attributes": {
            "id": "sg-0313ffdf68606e618,Name",
            "key": "Name",
            "resource_id": "sg-0313ffdf68606e618",
            "value": "production-AllogyDeveloperSSH"
          },
          "sensitive_attributes": []
        }
      ]
    },
    {
      "mode": "managed",
      "type": "aws_ec2_tag",
      "name": "sg_0313ffdf68606e618_aws_cloudformation_logical_id",
      "provider": "provider[\"registry.terraform.io/hashicorp/aws\"]",
      "instances": [
        {
          "schema_version": 0,
          "attributes": {
            "id": "sg-0313ffdf68606e618,aws:cloudformation:logical-id",
            "key": "aws:cloudformation:logical-id",
            "resource_id": "sg-0313ffdf68606e618",
            "value": "AllogyDeveloperSSHSecurityGroup"
          },
          "sensitive_attributes": []
        }
      ]
    },
    {
      "mode": "managed",
      "type": "aws_ec2_tag",
      "name": "sg_0313ffdf68606e618_aws_cloudformation_stack_id",
      "provider": "provider[\"registry.terraform.io/hashicorp/aws\"]",
      "instances": [
        {
          "schema_version": 0,
          "attributes": {
            "id": "sg-0313ffdf68606e618,aws:cloudformation:stack-id",
            "key": "aws:cloudformation:stack-id",
            "resource_id": "sg-0313ffdf68606e618",
            "value": "arn:aws-us-gov:cloudformation:us-gov-west-1:050779347855:stack/ProductionVPC/e28075a0-d257-11ec-bd87-02113c9a3bae"
          },
          "sensitive_attributes": []
        }
      ]
    },
    {
      "mode": "managed",
      "type": "aws_ec2_tag",
      "name": "sg_0313ffdf68606e618_aws_cloudformation_stack_name",
      "provider": "provider[\"registry.terraform.io/hashicorp/aws\"]",
      "instances": [
        {
          "schema_version": 0,
          "attributes": {
            "id": "sg-0313ffdf68606e618,aws:cloudformation:stack-name",
            "key": "aws:cloudformation:stack-name",
            "resource_id": "sg-0313ffdf68606e618",
            "value": "ProductionVPC"
          },
          "sensitive_attributes": []
        }
      ]
    },
    {
      "mode": "managed",
      "type": "aws_ec2_tag",
      "name": "sg_03365a1e4d5ef869d_DeploymentEnvironment",
      "provider": "provider[\"registry.terraform.io/hashicorp/aws\"]",
      "instances": [
        {
          "schema_version": 0,
          "attributes": {
            "id": "sg-03365a1e4d5ef869d,DeploymentEnvironment",
            "key": "DeploymentEnvironment",
            "resource_id": "sg-03365a1e4d5ef869d",
            "value": "ThirdParty"
          },
          "sensitive_attributes": []
        }
      ]
    },
    {
      "mode": "managed",
      "type": "aws_ec2_tag",
      "name": "sg_03365a1e4d5ef869d_Name",
      "provider": "provider[\"registry.terraform.io/hashicorp/aws\"]",
      "instances": [
        {
          "schema_version": 0,
          "attributes": {
            "id": "sg-03365a1e4d5ef869d,Name",
            "key": "Name",
            "resource_id": "sg-03365a1e4d5ef869d",
            "value": "ThirdParty-PublicWeb"
          },
          "sensitive_attributes": []
        }
      ]
    },
    {
      "mode": "managed",
      "type": "aws_ec2_tag",
      "name": "sg_03365a1e4d5ef869d_aws_cloudformation_logical_id",
      "provider": "provider[\"registry.terraform.io/hashicorp/aws\"]",
      "instances": [
        {
          "schema_version": 0,
          "attributes": {
            "id": "sg-03365a1e4d5ef869d,aws:cloudformation:logical-id",
            "key": "aws:cloudformation:logical-id",
            "resource_id": "sg-03365a1e4d5ef869d",
            "value": "WebLoadBalancerSecurityGroup"
          },
          "sensitive_attributes": []
        }
      ]
    },
    {
      "mode": "managed",
      "type": "aws_ec2_tag",
      "name": "sg_03365a1e4d5ef869d_aws_cloudformation_stack_id",
      "provider": "provider[\"registry.terraform.io/hashicorp/aws\"]",
      "instances": [
        {
          "schema_version": 0,
          "attributes": {
            "id": "sg-03365a1e4d5ef869d,aws:cloudformation:stack-id",
            "key": "aws:cloudformation:stack-id",
            "resource_id": "sg-03365a1e4d5ef869d",
            "value": "arn:aws-us-gov:cloudformation:us-gov-west-1:050779347855:stack/ThirdPartyVPC/b9e1f1f0-d24d-11ec-864f-0afb90a38fc8"
          },
          "sensitive_attributes": []
        }
      ]
    },
    {
      "mode": "managed",
      "type": "aws_ec2_tag",
      "name": "sg_03365a1e4d5ef869d_aws_cloudformation_stack_name",
      "provider": "provider[\"registry.terraform.io/hashicorp/aws\"]",
      "instances": [
        {
          "schema_version": 0,
          "attributes": {
            "id": "sg-03365a1e4d5ef869d,aws:cloudformation:stack-name",
            "key": "aws:cloudformation:stack-name",
            "resource_id": "sg-03365a1e4d5ef869d",
            "value": "ThirdPartyVPC"
          },
          "sensitive_attributes": []
        }
      ]
    },
    {
      "mode": "managed",
      "type": "aws_ec2_tag",
      "name": "sg_057a681c0afce6d70_Name",
      "provider": "provider[\"registry.terraform.io/hashicorp/aws\"]",
      "instances": [
        {
          "schema_version": 0,
          "attributes": {
            "id": "sg-057a681c0afce6d70,Name",
            "key": "Name",
            "resource_id": "sg-057a681c0afce6d70",
            "value": "book-service-green"
          },
          "sensitive_attributes": []
        }
      ]
    },
    {
      "mode": "managed",
      "type": "aws_ec2_tag",
      "name": "sg_057a681c0afce6d70_aws_cloudformation_logical_id",
      "provider": "provider[\"registry.terraform.io/hashicorp/aws\"]",
      "instances": [
        {
          "schema_version": 0,
          "attributes": {
            "id": "sg-057a681c0afce6d70,aws:cloudformation:logical-id",
            "key": "aws:cloudformation:logical-id",
            "resource_id": "sg-057a681c0afce6d70",
            "value": "AWSEBLoadBalancerSecurityGroup"
          },
          "sensitive_attributes": []
        }
      ]
    },
    {
      "mode": "managed",
      "type": "aws_ec2_tag",
      "name": "sg_057a681c0afce6d70_aws_cloudformation_stack_id",
      "provider": "provider[\"registry.terraform.io/hashicorp/aws\"]",
      "instances": [
        {
          "schema_version": 0,
          "attributes": {
            "id": "sg-057a681c0afce6d70,aws:cloudformation:stack-id",
            "key": "aws:cloudformation:stack-id",
            "resource_id": "sg-057a681c0afce6d70",
            "value": "arn:aws-us-gov:cloudformation:us-gov-west-1:050779347855:stack/awseb-e-xmec4epg3c-stack/db5db102-386b-11ed-a507-0a18bf1f5516"
          },
          "sensitive_attributes": []
        }
      ]
    },
    {
      "mode": "managed",
      "type": "aws_ec2_tag",
      "name": "sg_057a681c0afce6d70_aws_cloudformation_stack_name",
      "provider": "provider[\"registry.terraform.io/hashicorp/aws\"]",
      "instances": [
        {
          "schema_version": 0,
          "attributes": {
            "id": "sg-057a681c0afce6d70,aws:cloudformation:stack-name",
            "key": "aws:cloudformation:stack-name",
            "resource_id": "sg-057a681c0afce6d70",
            "value": "awseb-e-xmec4epg3c-stack"
          },
          "sensitive_attributes": []
        }
      ]
    },
    {
      "mode": "managed",
      "type": "aws_ec2_tag",
      "name": "sg_057a681c0afce6d70_elasticbeanstalk_environment_id",
      "provider": "provider[\"registry.terraform.io/hashicorp/aws\"]",
      "instances": [
        {
          "schema_version": 0,
          "attributes": {
            "id": "sg-057a681c0afce6d70,elasticbeanstalk:environment-id",
            "key": "elasticbeanstalk:environment-id",
            "resource_id": "sg-057a681c0afce6d70",
            "value": "e-xmec4epg3c"
          },
          "sensitive_attributes": []
        }
      ]
    },
    {
      "mode": "managed",
      "type": "aws_ec2_tag",
      "name": "sg_057a681c0afce6d70_elasticbeanstalk_environment_name",
      "provider": "provider[\"registry.terraform.io/hashicorp/aws\"]",
      "instances": [
        {
          "schema_version": 0,
          "attributes": {
            "id": "sg-057a681c0afce6d70,elasticbeanstalk:environment-name",
            "key": "elasticbeanstalk:environment-name",
            "resource_id": "sg-057a681c0afce6d70",
            "value": "book-service-green"
          },
          "sensitive_attributes": []
        }
      ]
    },
    {
      "mode": "managed",
      "type": "aws_ec2_tag",
      "name": "sg_05ec1afb8e4b24a12_DeploymentEnvironment",
      "provider": "provider[\"registry.terraform.io/hashicorp/aws\"]",
      "instances": [
        {
          "schema_version": 0,
          "attributes": {
            "id": "sg-05ec1afb8e4b24a12,DeploymentEnvironment",
            "key": "DeploymentEnvironment",
            "resource_id": "sg-05ec1afb8e4b24a12",
            "value": "DeveloperTools"
          },
          "sensitive_attributes": []
        }
      ]
    },
    {
      "mode": "managed",
      "type": "aws_ec2_tag",
      "name": "sg_05ec1afb8e4b24a12_Name",
      "provider": "provider[\"registry.terraform.io/hashicorp/aws\"]",
      "instances": [
        {
          "schema_version": 0,
          "attributes": {
            "id": "sg-05ec1afb8e4b24a12,Name",
            "key": "Name",
            "resource_id": "sg-05ec1afb8e4b24a12",
            "value": "DeveloperToolsRedis"
          },
          "sensitive_attributes": []
        }
      ]
    },
    {
      "mode": "managed",
      "type": "aws_ec2_tag",
      "name": "sg_05ec1afb8e4b24a12_aws_cloudformation_logical_id",
      "provider": "provider[\"registry.terraform.io/hashicorp/aws\"]",
      "instances": [
        {
          "schema_version": 0,
          "attributes": {
            "id": "sg-05ec1afb8e4b24a12,aws:cloudformation:logical-id",
            "key": "aws:cloudformation:logical-id",
            "resource_id": "sg-05ec1afb8e4b24a12",
            "value": "RedisSecurityGroup"
          },
          "sensitive_attributes": []
        }
      ]
    },
    {
      "mode": "managed",
      "type": "aws_ec2_tag",
      "name": "sg_05ec1afb8e4b24a12_aws_cloudformation_stack_id",
      "provider": "provider[\"registry.terraform.io/hashicorp/aws\"]",
      "instances": [
        {
          "schema_version": 0,
          "attributes": {
            "id": "sg-05ec1afb8e4b24a12,aws:cloudformation:stack-id",
            "key": "aws:cloudformation:stack-id",
            "resource_id": "sg-05ec1afb8e4b24a12",
            "value": "arn:aws-us-gov:cloudformation:us-gov-west-1:050779347855:stack/DeveloperToolsElastiCache/ae153840-d640-11ec-9d6a-0aecb655745e"
          },
          "sensitive_attributes": []
        }
      ]
    },
    {
      "mode": "managed",
      "type": "aws_ec2_tag",
      "name": "sg_05ec1afb8e4b24a12_aws_cloudformation_stack_name",
      "provider": "provider[\"registry.terraform.io/hashicorp/aws\"]",
      "instances": [
        {
          "schema_version": 0,
          "attributes": {
            "id": "sg-05ec1afb8e4b24a12,aws:cloudformation:stack-name",
            "key": "aws:cloudformation:stack-name",
            "resource_id": "sg-05ec1afb8e4b24a12",
            "value": "DeveloperToolsElastiCache"
          },
          "sensitive_attributes": []
        }
      ]
    },
    {
      "mode": "managed",
      "type": "aws_ec2_tag",
      "name": "sg_0615d31b0d6d092d3_Name",
      "provider": "provider[\"registry.terraform.io/hashicorp/aws\"]",
      "instances": [
        {
          "schema_version": 0,
          "attributes": {
            "id": "sg-0615d31b0d6d092d3,Name",
            "key": "Name",
            "resource_id": "sg-0615d31b0d6d092d3",
            "value": "learner-web-ui-gateway-green"
          },
          "sensitive_attributes": []
        }
      ]
    },
    {
      "mode": "managed",
      "type": "aws_ec2_tag",
      "name": "sg_0615d31b0d6d092d3_aws_cloudformation_logical_id",
      "provider": "provider[\"registry.terraform.io/hashicorp/aws\"]",
      "instances": [
        {
          "schema_version": 0,
          "attributes": {
            "id": "sg-0615d31b0d6d092d3,aws:cloudformation:logical-id",
            "key": "aws:cloudformation:logical-id",
            "resource_id": "sg-0615d31b0d6d092d3",
            "value": "AWSEBSecurityGroup"
          },
          "sensitive_attributes": []
        }
      ]
    },
    {
      "mode": "managed",
      "type": "aws_ec2_tag",
      "name": "sg_0615d31b0d6d092d3_aws_cloudformation_stack_id",
      "provider": "provider[\"registry.terraform.io/hashicorp/aws\"]",
      "instances": [
        {
          "schema_version": 0,
          "attributes": {
            "id": "sg-0615d31b0d6d092d3,aws:cloudformation:stack-id",
            "key": "aws:cloudformation:stack-id",
            "resource_id": "sg-0615d31b0d6d092d3",
            "value": "arn:aws-us-gov:cloudformation:us-gov-west-1:050779347855:stack/awseb-e-rwv222b3qp-stack/8ac75ef0-7fea-11ed-829e-025d4eaecce2"
          },
          "sensitive_attributes": []
        }
      ]
    },
    {
      "mode": "managed",
      "type": "aws_ec2_tag",
      "name": "sg_0615d31b0d6d092d3_aws_cloudformation_stack_name",
      "provider": "provider[\"registry.terraform.io/hashicorp/aws\"]",
      "instances": [
        {
          "schema_version": 0,
          "attributes": {
            "id": "sg-0615d31b0d6d092d3,aws:cloudformation:stack-name",
            "key": "aws:cloudformation:stack-name",
            "resource_id": "sg-0615d31b0d6d092d3",
            "value": "awseb-e-rwv222b3qp-stack"
          },
          "sensitive_attributes": []
        }
      ]
    },
    {
      "mode": "managed",
      "type": "aws_ec2_tag",
      "name": "sg_0615d31b0d6d092d3_elasticbeanstalk_environment_id",
      "provider": "provider[\"registry.terraform.io/hashicorp/aws\"]",
      "instances": [
        {
          "schema_version": 0,
          "attributes": {
            "id": "sg-0615d31b0d6d092d3,elasticbeanstalk:environment-id",
            "key": "elasticbeanstalk:environment-id",
            "resource_id": "sg-0615d31b0d6d092d3",
            "value": "e-rwv222b3qp"
          },
          "sensitive_attributes": []
        }
      ]
    },
    {
      "mode": "managed",
      "type": "aws_ec2_tag",
      "name": "sg_0615d31b0d6d092d3_elasticbeanstalk_environment_name",
      "provider": "provider[\"registry.terraform.io/hashicorp/aws\"]",
      "instances": [
        {
          "schema_version": 0,
          "attributes": {
            "id": "sg-0615d31b0d6d092d3,elasticbeanstalk:environment-name",
            "key": "elasticbeanstalk:environment-name",
            "resource_id": "sg-0615d31b0d6d092d3",
            "value": "learner-web-ui-gateway-green"
          },
          "sensitive_attributes": []
        }
      ]
    },
    {
      "mode": "managed",
      "type": "aws_ec2_tag",
      "name": "sg_0664cb51cf00919ed_DeploymentEnvironment",
      "provider": "provider[\"registry.terraform.io/hashicorp/aws\"]",
      "instances": [
        {
          "schema_version": 0,
          "attributes": {
            "id": "sg-0664cb51cf00919ed,DeploymentEnvironment",
            "key": "DeploymentEnvironment",
            "resource_id": "sg-0664cb51cf00919ed",
            "value": "production"
          },
          "sensitive_attributes": []
        }
      ]
    },
    {
      "mode": "managed",
      "type": "aws_ec2_tag",
      "name": "sg_0664cb51cf00919ed_Name",
      "provider": "provider[\"registry.terraform.io/hashicorp/aws\"]",
      "instances": [
        {
          "schema_version": 0,
          "attributes": {
            "id": "sg-0664cb51cf00919ed,Name",
            "key": "Name",
            "resource_id": "sg-0664cb51cf00919ed",
            "value": "production-InternalSSH"
          },
          "sensitive_attributes": []
        }
      ]
    },
    {
      "mode": "managed",
      "type": "aws_ec2_tag",
      "name": "sg_0664cb51cf00919ed_aws_cloudformation_logical_id",
      "provider": "provider[\"registry.terraform.io/hashicorp/aws\"]",
      "instances": [
        {
          "schema_version": 0,
          "attributes": {
            "id": "sg-0664cb51cf00919ed,aws:cloudformation:logical-id",
            "key": "aws:cloudformation:logical-id",
            "resource_id": "sg-0664cb51cf00919ed",
            "value": "InternalSSHSecurityGroup"
          },
          "sensitive_attributes": []
        }
      ]
    },
    {
      "mode": "managed",
      "type": "aws_ec2_tag",
      "name": "sg_0664cb51cf00919ed_aws_cloudformation_stack_id",
      "provider": "provider[\"registry.terraform.io/hashicorp/aws\"]",
      "instances": [
        {
          "schema_version": 0,
          "attributes": {
            "id": "sg-0664cb51cf00919ed,aws:cloudformation:stack-id",
            "key": "aws:cloudformation:stack-id",
            "resource_id": "sg-0664cb51cf00919ed",
            "value": "arn:aws-us-gov:cloudformation:us-gov-west-1:050779347855:stack/ProductionVPC/e28075a0-d257-11ec-bd87-02113c9a3bae"
          },
          "sensitive_attributes": []
        }
      ]
    },
    {
      "mode": "managed",
      "type": "aws_ec2_tag",
      "name": "sg_0664cb51cf00919ed_aws_cloudformation_stack_name",
      "provider": "provider[\"registry.terraform.io/hashicorp/aws\"]",
      "instances": [
        {
          "schema_version": 0,
          "attributes": {
            "id": "sg-0664cb51cf00919ed,aws:cloudformation:stack-name",
            "key": "aws:cloudformation:stack-name",
            "resource_id": "sg-0664cb51cf00919ed",
            "value": "ProductionVPC"
          },
          "sensitive_attributes": []
        }
      ]
    },
    {
      "mode": "managed",
      "type": "aws_ec2_tag",
      "name": "sg_06c73378f62490b36_Name",
      "provider": "provider[\"registry.terraform.io/hashicorp/aws\"]",
      "instances": [
        {
          "schema_version": 0,
          "attributes": {
            "id": "sg-06c73378f62490b36,Name",
            "key": "Name",
            "resource_id": "sg-06c73378f62490b36",
            "value": "capillary-web-ui-gateway-green"
          },
          "sensitive_attributes": []
        }
      ]
    },
    {
      "mode": "managed",
      "type": "aws_ec2_tag",
      "name": "sg_06c73378f62490b36_aws_cloudformation_logical_id",
      "provider": "provider[\"registry.terraform.io/hashicorp/aws\"]",
      "instances": [
        {
          "schema_version": 0,
          "attributes": {
            "id": "sg-06c73378f62490b36,aws:cloudformation:logical-id",
            "key": "aws:cloudformation:logical-id",
            "resource_id": "sg-06c73378f62490b36",
            "value": "AWSEBSecurityGroup"
          },
          "sensitive_attributes": []
        }
      ]
    },
    {
      "mode": "managed",
      "type": "aws_ec2_tag",
      "name": "sg_06c73378f62490b36_aws_cloudformation_stack_id",
      "provider": "provider[\"registry.terraform.io/hashicorp/aws\"]",
      "instances": [
        {
          "schema_version": 0,
          "attributes": {
            "id": "sg-06c73378f62490b36,aws:cloudformation:stack-id",
            "key": "aws:cloudformation:stack-id",
            "resource_id": "sg-06c73378f62490b36",
            "value": "arn:aws-us-gov:cloudformation:us-gov-west-1:050779347855:stack/awseb-e-ipfavj64xz-stack/a003a160-9b43-11ed-9ccf-0a6230a107d4"
          },
          "sensitive_attributes": []
        }
      ]
    },
    {
      "mode": "managed",
      "type": "aws_ec2_tag",
      "name": "sg_06c73378f62490b36_aws_cloudformation_stack_name",
      "provider": "provider[\"registry.terraform.io/hashicorp/aws\"]",
      "instances": [
        {
          "schema_version": 0,
          "attributes": {
            "id": "sg-06c73378f62490b36,aws:cloudformation:stack-name",
            "key": "aws:cloudformation:stack-name",
            "resource_id": "sg-06c73378f62490b36",
            "value": "awseb-e-ipfavj64xz-stack"
          },
          "sensitive_attributes": []
        }
      ]
    },
    {
      "mode": "managed",
      "type": "aws_ec2_tag",
      "name": "sg_06c73378f62490b36_elasticbeanstalk_environment_id",
      "provider": "provider[\"registry.terraform.io/hashicorp/aws\"]",
      "instances": [
        {
          "schema_version": 0,
          "attributes": {
            "id": "sg-06c73378f62490b36,elasticbeanstalk:environment-id",
            "key": "elasticbeanstalk:environment-id",
            "resource_id": "sg-06c73378f62490b36",
            "value": "e-ipfavj64xz"
          },
          "sensitive_attributes": []
        }
      ]
    },
    {
      "mode": "managed",
      "type": "aws_ec2_tag",
      "name": "sg_06c73378f62490b36_elasticbeanstalk_environment_name",
      "provider": "provider[\"registry.terraform.io/hashicorp/aws\"]",
      "instances": [
        {
          "schema_version": 0,
          "attributes": {
            "id": "sg-06c73378f62490b36,elasticbeanstalk:environment-name",
            "key": "elasticbeanstalk:environment-name",
            "resource_id": "sg-06c73378f62490b36",
            "value": "capillary-web-ui-gateway-green"
          },
          "sensitive_attributes": []
        }
      ]
    },
    {
      "mode": "managed",
      "type": "aws_ec2_tag",
      "name": "sg_06d03510b3f32b683_DeploymentEnvironment",
      "provider": "provider[\"registry.terraform.io/hashicorp/aws\"]",
      "instances": [
        {
          "schema_version": 0,
          "attributes": {
            "id": "sg-06d03510b3f32b683,DeploymentEnvironment",
            "key": "DeploymentEnvironment",
            "resource_id": "sg-06d03510b3f32b683",
            "value": "DeveloperTools"
          },
          "sensitive_attributes": []
        }
      ]
    },
    {
      "mode": "managed",
      "type": "aws_ec2_tag",
      "name": "sg_06d03510b3f32b683_Name",
      "provider": "provider[\"registry.terraform.io/hashicorp/aws\"]",
      "instances": [
        {
          "schema_version": 0,
          "attributes": {
            "id": "sg-06d03510b3f32b683,Name",
            "key": "Name",
            "resource_id": "sg-06d03510b3f32b683",
            "value": "JenkinsMaster"
          },
          "sensitive_attributes": []
        }
      ]
    },
    {
      "mode": "managed",
      "type": "aws_ec2_tag",
      "name": "sg_06d03510b3f32b683_aws_cloudformation_logical_id",
      "provider": "provider[\"registry.terraform.io/hashicorp/aws\"]",
      "instances": [
        {
          "schema_version": 0,
          "attributes": {
            "id": "sg-06d03510b3f32b683,aws:cloudformation:logical-id",
            "key": "aws:cloudformation:logical-id",
            "resource_id": "sg-06d03510b3f32b683",
            "value": "JenkinsMasterSecurityGroup"
          },
          "sensitive_attributes": []
        }
      ]
    },
    {
      "mode": "managed",
      "type": "aws_ec2_tag",
      "name": "sg_06d03510b3f32b683_aws_cloudformation_stack_id",
      "provider": "provider[\"registry.terraform.io/hashicorp/aws\"]",
      "instances": [
        {
          "schema_version": 0,
          "attributes": {
            "id": "sg-06d03510b3f32b683,aws:cloudformation:stack-id",
            "key": "aws:cloudformation:stack-id",
            "resource_id": "sg-06d03510b3f32b683",
            "value": "arn:aws-us-gov:cloudformation:us-gov-west-1:050779347855:stack/Jenkins/859c6070-d5f3-11ec-a495-029d9aaa7d66"
          },
          "sensitive_attributes": []
        }
      ]
    },
    {
      "mode": "managed",
      "type": "aws_ec2_tag",
      "name": "sg_06d03510b3f32b683_aws_cloudformation_stack_name",
      "provider": "provider[\"registry.terraform.io/hashicorp/aws\"]",
      "instances": [
        {
          "schema_version": 0,
          "attributes": {
            "id": "sg-06d03510b3f32b683,aws:cloudformation:stack-name",
            "key": "aws:cloudformation:stack-name",
            "resource_id": "sg-06d03510b3f32b683",
            "value": "Jenkins"
          },
          "sensitive_attributes": []
        }
      ]
    },
    {
      "mode": "managed",
      "type": "aws_ec2_tag",
      "name": "sg_07f009cc182a06a04_Name",
      "provider": "provider[\"registry.terraform.io/hashicorp/aws\"]",
      "instances": [
        {
          "schema_version": 0,
          "attributes": {
            "id": "sg-07f009cc182a06a04,Name",
            "key": "Name",
            "resource_id": "sg-07f009cc182a06a04",
            "value": "dbt-clinician-web-green"
          },
          "sensitive_attributes": []
        }
      ]
    },
    {
      "mode": "managed",
      "type": "aws_ec2_tag",
      "name": "sg_07f009cc182a06a04_aws_cloudformation_logical_id",
      "provider": "provider[\"registry.terraform.io/hashicorp/aws\"]",
      "instances": [
        {
          "schema_version": 0,
          "attributes": {
            "id": "sg-07f009cc182a06a04,aws:cloudformation:logical-id",
            "key": "aws:cloudformation:logical-id",
            "resource_id": "sg-07f009cc182a06a04",
            "value": "AWSEBLoadBalancerSecurityGroup"
          },
          "sensitive_attributes": []
        }
      ]
    },
    {
      "mode": "managed",
      "type": "aws_ec2_tag",
      "name": "sg_07f009cc182a06a04_aws_cloudformation_stack_id",
      "provider": "provider[\"registry.terraform.io/hashicorp/aws\"]",
      "instances": [
        {
          "schema_version": 0,
          "attributes": {
            "id": "sg-07f009cc182a06a04,aws:cloudformation:stack-id",
            "key": "aws:cloudformation:stack-id",
            "resource_id": "sg-07f009cc182a06a04",
            "value": "arn:aws-us-gov:cloudformation:us-gov-west-1:050779347855:stack/awseb-e-jgrjparfpf-stack/0f1615a0-1fe9-11ed-b252-06ca4f445a66"
          },
          "sensitive_attributes": []
        }
      ]
    },
    {
      "mode": "managed",
      "type": "aws_ec2_tag",
      "name": "sg_07f009cc182a06a04_aws_cloudformation_stack_name",
      "provider": "provider[\"registry.terraform.io/hashicorp/aws\"]",
      "instances": [
        {
          "schema_version": 0,
          "attributes": {
            "id": "sg-07f009cc182a06a04,aws:cloudformation:stack-name",
            "key": "aws:cloudformation:stack-name",
            "resource_id": "sg-07f009cc182a06a04",
            "value": "awseb-e-jgrjparfpf-stack"
          },
          "sensitive_attributes": []
        }
      ]
    },
    {
      "mode": "managed",
      "type": "aws_ec2_tag",
      "name": "sg_07f009cc182a06a04_elasticbeanstalk_environment_id",
      "provider": "provider[\"registry.terraform.io/hashicorp/aws\"]",
      "instances": [
        {
          "schema_version": 0,
          "attributes": {
            "id": "sg-07f009cc182a06a04,elasticbeanstalk:environment-id",
            "key": "elasticbeanstalk:environment-id",
            "resource_id": "sg-07f009cc182a06a04",
            "value": "e-jgrjparfpf"
          },
          "sensitive_attributes": []
        }
      ]
    },
    {
      "mode": "managed",
      "type": "aws_ec2_tag",
      "name": "sg_07f009cc182a06a04_elasticbeanstalk_environment_name",
      "provider": "provider[\"registry.terraform.io/hashicorp/aws\"]",
      "instances": [
        {
          "schema_version": 0,
          "attributes": {
            "id": "sg-07f009cc182a06a04,elasticbeanstalk:environment-name",
            "key": "elasticbeanstalk:environment-name",
            "resource_id": "sg-07f009cc182a06a04",
            "value": "dbt-clinician-web-green"
          },
          "sensitive_attributes": []
        }
      ]
    },
    {
      "mode": "managed",
      "type": "aws_ec2_tag",
      "name": "sg_07fbaf379b52f13b0_DeploymentEnvironment",
      "provider": "provider[\"registry.terraform.io/hashicorp/aws\"]",
      "instances": [
        {
          "schema_version": 0,
          "attributes": {
            "id": "sg-07fbaf379b52f13b0,DeploymentEnvironment",
            "key": "DeploymentEnvironment",
            "resource_id": "sg-07fbaf379b52f13b0",
            "value": "DeveloperTools"
          },
          "sensitive_attributes": []
        }
      ]
    },
    {
      "mode": "managed",
      "type": "aws_ec2_tag",
      "name": "sg_07fbaf379b52f13b0_Name",
      "provider": "provider[\"registry.terraform.io/hashicorp/aws\"]",
      "instances": [
        {
          "schema_version": 0,
          "attributes": {
            "id": "sg-07fbaf379b52f13b0,Name",
            "key": "Name",
            "resource_id": "sg-07fbaf379b52f13b0",
            "value": "DeveloperToolsElasticSearch"
          },
          "sensitive_attributes": []
        }
      ]
    },
    {
      "mode": "managed",
      "type": "aws_ec2_tag",
      "name": "sg_07fbaf379b52f13b0_aws_cloudformation_logical_id",
      "provider": "provider[\"registry.terraform.io/hashicorp/aws\"]",
      "instances": [
        {
          "schema_version": 0,
          "attributes": {
            "id": "sg-07fbaf379b52f13b0,aws:cloudformation:logical-id",
            "key": "aws:cloudformation:logical-id",
            "resource_id": "sg-07fbaf379b52f13b0",
            "value": "ElasticSearchSecurityGroup"
          },
          "sensitive_attributes": []
        }
      ]
    },
    {
      "mode": "managed",
      "type": "aws_ec2_tag",
      "name": "sg_07fbaf379b52f13b0_aws_cloudformation_stack_id",
      "provider": "provider[\"registry.terraform.io/hashicorp/aws\"]",
      "instances": [
        {
          "schema_version": 0,
          "attributes": {
            "id": "sg-07fbaf379b52f13b0,aws:cloudformation:stack-id",
            "key": "aws:cloudformation:stack-id",
            "resource_id": "sg-07fbaf379b52f13b0",
            "value": "arn:aws-us-gov:cloudformation:us-gov-west-1:050779347855:stack/DevelopmentTools-ElasticSearch/f098cec0-d640-11ec-a8fd-0a9cc288bce4"
          },
          "sensitive_attributes": []
        }
      ]
    },
    {
      "mode": "managed",
      "type": "aws_ec2_tag",
      "name": "sg_07fbaf379b52f13b0_aws_cloudformation_stack_name",
      "provider": "provider[\"registry.terraform.io/hashicorp/aws\"]",
      "instances": [
        {
          "schema_version": 0,
          "attributes": {
            "id": "sg-07fbaf379b52f13b0,aws:cloudformation:stack-name",
            "key": "aws:cloudformation:stack-name",
            "resource_id": "sg-07fbaf379b52f13b0",
            "value": "DevelopmentTools-ElasticSearch"
          },
          "sensitive_attributes": []
        }
      ]
    },
    {
      "mode": "managed",
      "type": "aws_ec2_tag",
      "name": "sg_081ba48ae3370758b_DeploymentEnvironment",
      "provider": "provider[\"registry.terraform.io/hashicorp/aws\"]",
      "instances": [
        {
          "schema_version": 0,
          "attributes": {
            "id": "sg-081ba48ae3370758b,DeploymentEnvironment",
            "key": "DeploymentEnvironment",
            "resource_id": "sg-081ba48ae3370758b",
            "value": "production"
          },
          "sensitive_attributes": []
        }
      ]
    },
    {
      "mode": "managed",
      "type": "aws_ec2_tag",
      "name": "sg_081ba48ae3370758b_Name",
      "provider": "provider[\"registry.terraform.io/hashicorp/aws\"]",
      "instances": [
        {
          "schema_version": 0,
          "attributes": {
            "id": "sg-081ba48ae3370758b,Name",
            "key": "Name",
            "resource_id": "sg-081ba48ae3370758b",
            "value": "ElasticSearchShared01"
          },
          "sensitive_attributes": []
        }
      ]
    },
    {
      "mode": "managed",
      "type": "aws_ec2_tag",
      "name": "sg_081ba48ae3370758b_aws_cloudformation_logical_id",
      "provider": "provider[\"registry.terraform.io/hashicorp/aws\"]",
      "instances": [
        {
          "schema_version": 0,
          "attributes": {
            "id": "sg-081ba48ae3370758b,aws:cloudformation:logical-id",
            "key": "aws:cloudformation:logical-id",
            "resource_id": "sg-081ba48ae3370758b",
            "value": "ElasticSearchSecurityGroup"
          },
          "sensitive_attributes": []
        }
      ]
    },
    {
      "mode": "managed",
      "type": "aws_ec2_tag",
      "name": "sg_081ba48ae3370758b_aws_cloudformation_stack_id",
      "provider": "provider[\"registry.terraform.io/hashicorp/aws\"]",
      "instances": [
        {
          "schema_version": 0,
          "attributes": {
            "id": "sg-081ba48ae3370758b,aws:cloudformation:stack-id",
            "key": "aws:cloudformation:stack-id",
            "resource_id": "sg-081ba48ae3370758b",
            "value": "arn:aws-us-gov:cloudformation:us-gov-west-1:050779347855:stack/ElasticSearchShared01/0c7a8dc0-f669-11ec-92a6-0609d503b30c"
          },
          "sensitive_attributes": []
        }
      ]
    },
    {
      "mode": "managed",
      "type": "aws_ec2_tag",
      "name": "sg_081ba48ae3370758b_aws_cloudformation_stack_name",
      "provider": "provider[\"registry.terraform.io/hashicorp/aws\"]",
      "instances": [
        {
          "schema_version": 0,
          "attributes": {
            "id": "sg-081ba48ae3370758b,aws:cloudformation:stack-name",
            "key": "aws:cloudformation:stack-name",
            "resource_id": "sg-081ba48ae3370758b",
            "value": "ElasticSearchShared01"
          },
          "sensitive_attributes": []
        }
      ]
    },
    {
      "mode": "managed",
      "type": "aws_ec2_tag",
      "name": "sg_0848e0e98be81d011_Name",
      "provider": "provider[\"registry.terraform.io/hashicorp/aws\"]",
      "instances": [
        {
          "schema_version": 0,
          "attributes": {
            "id": "sg-0848e0e98be81d011,Name",
            "key": "Name",
            "resource_id": "sg-0848e0e98be81d011",
            "value": "book-service-blue"
          },
          "sensitive_attributes": []
        }
      ]
    },
    {
      "mode": "managed",
      "type": "aws_ec2_tag",
      "name": "sg_0848e0e98be81d011_aws_cloudformation_logical_id",
      "provider": "provider[\"registry.terraform.io/hashicorp/aws\"]",
      "instances": [
        {
          "schema_version": 0,
          "attributes": {
            "id": "sg-0848e0e98be81d011,aws:cloudformation:logical-id",
            "key": "aws:cloudformation:logical-id",
            "resource_id": "sg-0848e0e98be81d011",
            "value": "AWSEBLoadBalancerSecurityGroup"
          },
          "sensitive_attributes": []
        }
      ]
    },
    {
      "mode": "managed",
      "type": "aws_ec2_tag",
      "name": "sg_0848e0e98be81d011_aws_cloudformation_stack_id",
      "provider": "provider[\"registry.terraform.io/hashicorp/aws\"]",
      "instances": [
        {
          "schema_version": 0,
          "attributes": {
            "id": "sg-0848e0e98be81d011,aws:cloudformation:stack-id",
            "key": "aws:cloudformation:stack-id",
            "resource_id": "sg-0848e0e98be81d011",
            "value": "arn:aws-us-gov:cloudformation:us-gov-west-1:050779347855:stack/awseb-e-fmzgrfkcqp-stack/c8a2cd90-a17d-11ed-be8e-06938baa4238"
          },
          "sensitive_attributes": []
        }
      ]
    },
    {
      "mode": "managed",
      "type": "aws_ec2_tag",
      "name": "sg_0848e0e98be81d011_aws_cloudformation_stack_name",
      "provider": "provider[\"registry.terraform.io/hashicorp/aws\"]",
      "instances": [
        {
          "schema_version": 0,
          "attributes": {
            "id": "sg-0848e0e98be81d011,aws:cloudformation:stack-name",
            "key": "aws:cloudformation:stack-name",
            "resource_id": "sg-0848e0e98be81d011",
            "value": "awseb-e-fmzgrfkcqp-stack"
          },
          "sensitive_attributes": []
        }
      ]
    },
    {
      "mode": "managed",
      "type": "aws_ec2_tag",
      "name": "sg_0848e0e98be81d011_elasticbeanstalk_environment_id",
      "provider": "provider[\"registry.terraform.io/hashicorp/aws\"]",
      "instances": [
        {
          "schema_version": 0,
          "attributes": {
            "id": "sg-0848e0e98be81d011,elasticbeanstalk:environment-id",
            "key": "elasticbeanstalk:environment-id",
            "resource_id": "sg-0848e0e98be81d011",
            "value": "e-fmzgrfkcqp"
          },
          "sensitive_attributes": []
        }
      ]
    },
    {
      "mode": "managed",
      "type": "aws_ec2_tag",
      "name": "sg_0848e0e98be81d011_elasticbeanstalk_environment_name",
      "provider": "provider[\"registry.terraform.io/hashicorp/aws\"]",
      "instances": [
        {
          "schema_version": 0,
          "attributes": {
            "id": "sg-0848e0e98be81d011,elasticbeanstalk:environment-name",
            "key": "elasticbeanstalk:environment-name",
            "resource_id": "sg-0848e0e98be81d011",
            "value": "book-service-blue"
          },
          "sensitive_attributes": []
        }
      ]
    },
    {
      "mode": "managed",
      "type": "aws_ec2_tag",
      "name": "sg_085fe27725f7793ba_Name",
      "provider": "provider[\"registry.terraform.io/hashicorp/aws\"]",
      "instances": [
        {
          "schema_version": 0,
          "attributes": {
            "id": "sg-085fe27725f7793ba,Name",
            "key": "Name",
            "resource_id": "sg-085fe27725f7793ba",
            "value": "identity-service-blue"
          },
          "sensitive_attributes": []
        }
      ]
    },
    {
      "mode": "managed",
      "type": "aws_ec2_tag",
      "name": "sg_085fe27725f7793ba_aws_cloudformation_logical_id",
      "provider": "provider[\"registry.terraform.io/hashicorp/aws\"]",
      "instances": [
        {
          "schema_version": 0,
          "attributes": {
            "id": "sg-085fe27725f7793ba,aws:cloudformation:logical-id",
            "key": "aws:cloudformation:logical-id",
            "resource_id": "sg-085fe27725f7793ba",
            "value": "AWSEBSecurityGroup"
          },
          "sensitive_attributes": []
        }
      ]
    },
    {
      "mode": "managed",
      "type": "aws_ec2_tag",
      "name": "sg_085fe27725f7793ba_aws_cloudformation_stack_id",
      "provider": "provider[\"registry.terraform.io/hashicorp/aws\"]",
      "instances": [
        {
          "schema_version": 0,
          "attributes": {
            "id": "sg-085fe27725f7793ba,aws:cloudformation:stack-id",
            "key": "aws:cloudformation:stack-id",
            "resource_id": "sg-085fe27725f7793ba",
            "value": "arn:aws-us-gov:cloudformation:us-gov-west-1:050779347855:stack/awseb-e-udanqbam3f-stack/ad65d410-55a5-11ed-bcb9-06a846c75e3e"
          },
          "sensitive_attributes": []
        }
      ]
    },
    {
      "mode": "managed",
      "type": "aws_ec2_tag",
      "name": "sg_085fe27725f7793ba_aws_cloudformation_stack_name",
      "provider": "provider[\"registry.terraform.io/hashicorp/aws\"]",
      "instances": [
        {
          "schema_version": 0,
          "attributes": {
            "id": "sg-085fe27725f7793ba,aws:cloudformation:stack-name",
            "key": "aws:cloudformation:stack-name",
            "resource_id": "sg-085fe27725f7793ba",
            "value": "awseb-e-udanqbam3f-stack"
          },
          "sensitive_attributes": []
        }
      ]
    },
    {
      "mode": "managed",
      "type": "aws_ec2_tag",
      "name": "sg_085fe27725f7793ba_elasticbeanstalk_environment_id",
      "provider": "provider[\"registry.terraform.io/hashicorp/aws\"]",
      "instances": [
        {
          "schema_version": 0,
          "attributes": {
            "id": "sg-085fe27725f7793ba,elasticbeanstalk:environment-id",
            "key": "elasticbeanstalk:environment-id",
            "resource_id": "sg-085fe27725f7793ba",
            "value": "e-udanqbam3f"
          },
          "sensitive_attributes": []
        }
      ]
    },
    {
      "mode": "managed",
      "type": "aws_ec2_tag",
      "name": "sg_085fe27725f7793ba_elasticbeanstalk_environment_name",
      "provider": "provider[\"registry.terraform.io/hashicorp/aws\"]",
      "instances": [
        {
          "schema_version": 0,
          "attributes": {
            "id": "sg-085fe27725f7793ba,elasticbeanstalk:environment-name",
            "key": "elasticbeanstalk:environment-name",
            "resource_id": "sg-085fe27725f7793ba",
            "value": "identity-service-blue"
          },
          "sensitive_attributes": []
        }
      ]
    },
    {
      "mode": "managed",
      "type": "aws_ec2_tag",
      "name": "sg_091b35fd5feaac3d0_Name",
      "provider": "provider[\"registry.terraform.io/hashicorp/aws\"]",
      "instances": [
        {
          "schema_version": 0,
          "attributes": {
            "id": "sg-091b35fd5feaac3d0,Name",
            "key": "Name",
            "resource_id": "sg-091b35fd5feaac3d0",
            "value": "form-service-blue"
          },
          "sensitive_attributes": []
        }
      ]
    },
    {
      "mode": "managed",
      "type": "aws_ec2_tag",
      "name": "sg_091b35fd5feaac3d0_aws_cloudformation_logical_id",
      "provider": "provider[\"registry.terraform.io/hashicorp/aws\"]",
      "instances": [
        {
          "schema_version": 0,
          "attributes": {
            "id": "sg-091b35fd5feaac3d0,aws:cloudformation:logical-id",
            "key": "aws:cloudformation:logical-id",
            "resource_id": "sg-091b35fd5feaac3d0",
            "value": "AWSEBSecurityGroup"
          },
          "sensitive_attributes": []
        }
      ]
    },
    {
      "mode": "managed",
      "type": "aws_ec2_tag",
      "name": "sg_091b35fd5feaac3d0_aws_cloudformation_stack_id",
      "provider": "provider[\"registry.terraform.io/hashicorp/aws\"]",
      "instances": [
        {
          "schema_version": 0,
          "attributes": {
            "id": "sg-091b35fd5feaac3d0,aws:cloudformation:stack-id",
            "key": "aws:cloudformation:stack-id",
            "resource_id": "sg-091b35fd5feaac3d0",
            "value": "arn:aws-us-gov:cloudformation:us-gov-west-1:050779347855:stack/awseb-e-bmqqxwyjst-stack/3994f5a0-02f5-11ed-af7a-06a846c75e3e"
          },
          "sensitive_attributes": []
        }
      ]
    },
    {
      "mode": "managed",
      "type": "aws_ec2_tag",
      "name": "sg_091b35fd5feaac3d0_aws_cloudformation_stack_name",
      "provider": "provider[\"registry.terraform.io/hashicorp/aws\"]",
      "instances": [
        {
          "schema_version": 0,
          "attributes": {
            "id": "sg-091b35fd5feaac3d0,aws:cloudformation:stack-name",
            "key": "aws:cloudformation:stack-name",
            "resource_id": "sg-091b35fd5feaac3d0",
            "value": "awseb-e-bmqqxwyjst-stack"
          },
          "sensitive_attributes": []
        }
      ]
    },
    {
      "mode": "managed",
      "type": "aws_ec2_tag",
      "name": "sg_091b35fd5feaac3d0_elasticbeanstalk_environment_id",
      "provider": "provider[\"registry.terraform.io/hashicorp/aws\"]",
      "instances": [
        {
          "schema_version": 0,
          "attributes": {
            "id": "sg-091b35fd5feaac3d0,elasticbeanstalk:environment-id",
            "key": "elasticbeanstalk:environment-id",
            "resource_id": "sg-091b35fd5feaac3d0",
            "value": "e-bmqqxwyjst"
          },
          "sensitive_attributes": []
        }
      ]
    },
    {
      "mode": "managed",
      "type": "aws_ec2_tag",
      "name": "sg_091b35fd5feaac3d0_elasticbeanstalk_environment_name",
      "provider": "provider[\"registry.terraform.io/hashicorp/aws\"]",
      "instances": [
        {
          "schema_version": 0,
          "attributes": {
            "id": "sg-091b35fd5feaac3d0,elasticbeanstalk:environment-name",
            "key": "elasticbeanstalk:environment-name",
            "resource_id": "sg-091b35fd5feaac3d0",
            "value": "form-service-blue"
          },
          "sensitive_attributes": []
        }
      ]
    },
    {
      "mode": "managed",
      "type": "aws_ec2_tag",
      "name": "sg_0961642367dac1a13_Name",
      "provider": "provider[\"registry.terraform.io/hashicorp/aws\"]",
      "instances": [
        {
          "schema_version": 0,
          "attributes": {
            "id": "sg-0961642367dac1a13,Name",
            "key": "Name",
            "resource_id": "sg-0961642367dac1a13",
            "value": "services-gateway-blue"
          },
          "sensitive_attributes": []
        }
      ]
    },
    {
      "mode": "managed",
      "type": "aws_ec2_tag",
      "name": "sg_0961642367dac1a13_aws_cloudformation_logical_id",
      "provider": "provider[\"registry.terraform.io/hashicorp/aws\"]",
      "instances": [
        {
          "schema_version": 0,
          "attributes": {
            "id": "sg-0961642367dac1a13,aws:cloudformation:logical-id",
            "key": "aws:cloudformation:logical-id",
            "resource_id": "sg-0961642367dac1a13",
            "value": "AWSEBSecurityGroup"
          },
          "sensitive_attributes": []
        }
      ]
    },
    {
      "mode": "managed",
      "type": "aws_ec2_tag",
      "name": "sg_0961642367dac1a13_aws_cloudformation_stack_id",
      "provider": "provider[\"registry.terraform.io/hashicorp/aws\"]",
      "instances": [
        {
          "schema_version": 0,
          "attributes": {
            "id": "sg-0961642367dac1a13,aws:cloudformation:stack-id",
            "key": "aws:cloudformation:stack-id",
            "resource_id": "sg-0961642367dac1a13",
            "value": "arn:aws-us-gov:cloudformation:us-gov-west-1:050779347855:stack/awseb-e-32xzmdus8p-stack/37a235f0-06dd-11ed-9790-0af3859fa8ce"
          },
          "sensitive_attributes": []
        }
      ]
    },
    {
      "mode": "managed",
      "type": "aws_ec2_tag",
      "name": "sg_0961642367dac1a13_aws_cloudformation_stack_name",
      "provider": "provider[\"registry.terraform.io/hashicorp/aws\"]",
      "instances": [
        {
          "schema_version": 0,
          "attributes": {
            "id": "sg-0961642367dac1a13,aws:cloudformation:stack-name",
            "key": "aws:cloudformation:stack-name",
            "resource_id": "sg-0961642367dac1a13",
            "value": "awseb-e-32xzmdus8p-stack"
          },
          "sensitive_attributes": []
        }
      ]
    },
    {
      "mode": "managed",
      "type": "aws_ec2_tag",
      "name": "sg_0961642367dac1a13_elasticbeanstalk_environment_id",
      "provider": "provider[\"registry.terraform.io/hashicorp/aws\"]",
      "instances": [
        {
          "schema_version": 0,
          "attributes": {
            "id": "sg-0961642367dac1a13,elasticbeanstalk:environment-id",
            "key": "elasticbeanstalk:environment-id",
            "resource_id": "sg-0961642367dac1a13",
            "value": "e-32xzmdus8p"
          },
          "sensitive_attributes": []
        }
      ]
    },
    {
      "mode": "managed",
      "type": "aws_ec2_tag",
      "name": "sg_0961642367dac1a13_elasticbeanstalk_environment_name",
      "provider": "provider[\"registry.terraform.io/hashicorp/aws\"]",
      "instances": [
        {
          "schema_version": 0,
          "attributes": {
            "id": "sg-0961642367dac1a13,elasticbeanstalk:environment-name",
            "key": "elasticbeanstalk:environment-name",
            "resource_id": "sg-0961642367dac1a13",
            "value": "services-gateway-blue"
          },
          "sensitive_attributes": []
        }
      ]
    },
    {
      "mode": "managed",
      "type": "aws_ec2_tag",
      "name": "sg_09655a5d35c96b651_DeploymentEnvironment",
      "provider": "provider[\"registry.terraform.io/hashicorp/aws\"]",
      "instances": [
        {
          "schema_version": 0,
          "attributes": {
            "id": "sg-09655a5d35c96b651,DeploymentEnvironment",
            "key": "DeploymentEnvironment",
            "resource_id": "sg-09655a5d35c96b651",
            "value": "production"
          },
          "sensitive_attributes": []
        }
      ]
    },
    {
      "mode": "managed",
      "type": "aws_ec2_tag",
      "name": "sg_09655a5d35c96b651_Name",
      "provider": "provider[\"registry.terraform.io/hashicorp/aws\"]",
      "instances": [
        {
          "schema_version": 0,
          "attributes": {
            "id": "sg-09655a5d35c96b651,Name",
            "key": "Name",
            "resource_id": "sg-09655a5d35c96b651",
            "value": "ElasticSearchShared02"
          },
          "sensitive_attributes": []
        }
      ]
    },
    {
      "mode": "managed",
      "type": "aws_ec2_tag",
      "name": "sg_09655a5d35c96b651_aws_cloudformation_logical_id",
      "provider": "provider[\"registry.terraform.io/hashicorp/aws\"]",
      "instances": [
        {
          "schema_version": 0,
          "attributes": {
            "id": "sg-09655a5d35c96b651,aws:cloudformation:logical-id",
            "key": "aws:cloudformation:logical-id",
            "resource_id": "sg-09655a5d35c96b651",
            "value": "ElasticSearchSecurityGroup"
          },
          "sensitive_attributes": []
        }
      ]
    },
    {
      "mode": "managed",
      "type": "aws_ec2_tag",
      "name": "sg_09655a5d35c96b651_aws_cloudformation_stack_id",
      "provider": "provider[\"registry.terraform.io/hashicorp/aws\"]",
      "instances": [
        {
          "schema_version": 0,
          "attributes": {
            "id": "sg-09655a5d35c96b651,aws:cloudformation:stack-id",
            "key": "aws:cloudformation:stack-id",
            "resource_id": "sg-09655a5d35c96b651",
            "value": "arn:aws-us-gov:cloudformation:us-gov-west-1:050779347855:stack/ElasticSearchShared02/69c87a40-bece-11ed-b6c8-025fe3763f52"
          },
          "sensitive_attributes": []
        }
      ]
    },
    {
      "mode": "managed",
      "type": "aws_ec2_tag",
      "name": "sg_09655a5d35c96b651_aws_cloudformation_stack_name",
      "provider": "provider[\"registry.terraform.io/hashicorp/aws\"]",
      "instances": [
        {
          "schema_version": 0,
          "attributes": {
            "id": "sg-09655a5d35c96b651,aws:cloudformation:stack-name",
            "key": "aws:cloudformation:stack-name",
            "resource_id": "sg-09655a5d35c96b651",
            "value": "ElasticSearchShared02"
          },
          "sensitive_attributes": []
        }
      ]
    },
    {
      "mode": "managed",
      "type": "aws_ec2_tag",
      "name": "sg_096a6ba8268eef3f6_DeploymentEnvironment",
      "provider": "provider[\"registry.terraform.io/hashicorp/aws\"]",
      "instances": [
        {
          "schema_version": 0,
          "attributes": {
            "id": "sg-096a6ba8268eef3f6,DeploymentEnvironment",
            "key": "DeploymentEnvironment",
            "resource_id": "sg-096a6ba8268eef3f6",
            "value": "production"
          },
          "sensitive_attributes": []
        }
      ]
    },
    {
      "mode": "managed",
      "type": "aws_ec2_tag",
      "name": "sg_096a6ba8268eef3f6_Name",
      "provider": "provider[\"registry.terraform.io/hashicorp/aws\"]",
      "instances": [
        {
          "schema_version": 0,
          "attributes": {
            "id": "sg-096a6ba8268eef3f6,Name",
            "key": "Name",
            "resource_id": "sg-096a6ba8268eef3f6",
            "value": "ECSContainerInstance"
          },
          "sensitive_attributes": []
        }
      ]
    },
    {
      "mode": "managed",
      "type": "aws_ec2_tag",
      "name": "sg_096a6ba8268eef3f6_aws_cloudformation_logical_id",
      "provider": "provider[\"registry.terraform.io/hashicorp/aws\"]",
      "instances": [
        {
          "schema_version": 0,
          "attributes": {
            "id": "sg-096a6ba8268eef3f6,aws:cloudformation:logical-id",
            "key": "aws:cloudformation:logical-id",
            "resource_id": "sg-096a6ba8268eef3f6",
            "value": "ECSContainerInstanceSecurityGroup"
          },
          "sensitive_attributes": []
        }
      ]
    },
    {
      "mode": "managed",
      "type": "aws_ec2_tag",
      "name": "sg_096a6ba8268eef3f6_aws_cloudformation_stack_id",
      "provider": "provider[\"registry.terraform.io/hashicorp/aws\"]",
      "instances": [
        {
          "schema_version": 0,
          "attributes": {
            "id": "sg-096a6ba8268eef3f6,aws:cloudformation:stack-id",
            "key": "aws:cloudformation:stack-id",
            "resource_id": "sg-096a6ba8268eef3f6",
            "value": "arn:aws-us-gov:cloudformation:us-gov-west-1:050779347855:stack/ecs-cluster-production/4e038770-e36c-11ec-a664-06ad6ecc0c24"
          },
          "sensitive_attributes": []
        }
      ]
    },
    {
      "mode": "managed",
      "type": "aws_ec2_tag",
      "name": "sg_096a6ba8268eef3f6_aws_cloudformation_stack_name",
      "provider": "provider[\"registry.terraform.io/hashicorp/aws\"]",
      "instances": [
        {
          "schema_version": 0,
          "attributes": {
            "id": "sg-096a6ba8268eef3f6,aws:cloudformation:stack-name",
            "key": "aws:cloudformation:stack-name",
            "resource_id": "sg-096a6ba8268eef3f6",
            "value": "ecs-cluster-production"
          },
          "sensitive_attributes": []
        }
      ]
    },
    {
      "mode": "managed",
      "type": "aws_ec2_tag",
      "name": "sg_0a3723815add710c0_Name",
      "provider": "provider[\"registry.terraform.io/hashicorp/aws\"]",
      "instances": [
        {
          "schema_version": 0,
          "attributes": {
            "id": "sg-0a3723815add710c0,Name",
            "key": "Name",
            "resource_id": "sg-0a3723815add710c0",
            "value": "capillary-web-ui-gateway-blue"
          },
          "sensitive_attributes": []
        }
      ]
    },
    {
      "mode": "managed",
      "type": "aws_ec2_tag",
      "name": "sg_0a3723815add710c0_aws_cloudformation_logical_id",
      "provider": "provider[\"registry.terraform.io/hashicorp/aws\"]",
      "instances": [
        {
          "schema_version": 0,
          "attributes": {
            "id": "sg-0a3723815add710c0,aws:cloudformation:logical-id",
            "key": "aws:cloudformation:logical-id",
            "resource_id": "sg-0a3723815add710c0",
            "value": "AWSEBSecurityGroup"
          },
          "sensitive_attributes": []
        }
      ]
    },
    {
      "mode": "managed",
      "type": "aws_ec2_tag",
      "name": "sg_0a3723815add710c0_aws_cloudformation_stack_id",
      "provider": "provider[\"registry.terraform.io/hashicorp/aws\"]",
      "instances": [
        {
          "schema_version": 0,
          "attributes": {
            "id": "sg-0a3723815add710c0,aws:cloudformation:stack-id",
            "key": "aws:cloudformation:stack-id",
            "resource_id": "sg-0a3723815add710c0",
            "value": "arn:aws-us-gov:cloudformation:us-gov-west-1:050779347855:stack/awseb-e-bner7vhrif-stack/a9b89740-9c35-11ed-b355-02a85871835c"
          },
          "sensitive_attributes": []
        }
      ]
    },
    {
      "mode": "managed",
      "type": "aws_ec2_tag",
      "name": "sg_0a3723815add710c0_aws_cloudformation_stack_name",
      "provider": "provider[\"registry.terraform.io/hashicorp/aws\"]",
      "instances": [
        {
          "schema_version": 0,
          "attributes": {
            "id": "sg-0a3723815add710c0,aws:cloudformation:stack-name",
            "key": "aws:cloudformation:stack-name",
            "resource_id": "sg-0a3723815add710c0",
            "value": "awseb-e-bner7vhrif-stack"
          },
          "sensitive_attributes": []
        }
      ]
    },
    {
      "mode": "managed",
      "type": "aws_ec2_tag",
      "name": "sg_0a3723815add710c0_elasticbeanstalk_environment_id",
      "provider": "provider[\"registry.terraform.io/hashicorp/aws\"]",
      "instances": [
        {
          "schema_version": 0,
          "attributes": {
            "id": "sg-0a3723815add710c0,elasticbeanstalk:environment-id",
            "key": "elasticbeanstalk:environment-id",
            "resource_id": "sg-0a3723815add710c0",
            "value": "e-bner7vhrif"
          },
          "sensitive_attributes": []
        }
      ]
    },
    {
      "mode": "managed",
      "type": "aws_ec2_tag",
      "name": "sg_0a3723815add710c0_elasticbeanstalk_environment_name",
      "provider": "provider[\"registry.terraform.io/hashicorp/aws\"]",
      "instances": [
        {
          "schema_version": 0,
          "attributes": {
            "id": "sg-0a3723815add710c0,elasticbeanstalk:environment-name",
            "key": "elasticbeanstalk:environment-name",
            "resource_id": "sg-0a3723815add710c0",
            "value": "capillary-web-ui-gateway-blue"
          },
          "sensitive_attributes": []
        }
      ]
    },
    {
      "mode": "managed",
      "type": "aws_ec2_tag",
      "name": "sg_0a8d1d3a2d1effe5d_Name",
      "provider": "provider[\"registry.terraform.io/hashicorp/aws\"]",
      "instances": [
        {
          "schema_version": 0,
          "attributes": {
            "id": "sg-0a8d1d3a2d1effe5d,Name",
            "key": "Name",
            "resource_id": "sg-0a8d1d3a2d1effe5d",
            "value": "services-gateway-blue"
          },
          "sensitive_attributes": []
        }
      ]
    },
    {
      "mode": "managed",
      "type": "aws_ec2_tag",
      "name": "sg_0a8d1d3a2d1effe5d_aws_cloudformation_logical_id",
      "provider": "provider[\"registry.terraform.io/hashicorp/aws\"]",
      "instances": [
        {
          "schema_version": 0,
          "attributes": {
            "id": "sg-0a8d1d3a2d1effe5d,aws:cloudformation:logical-id",
            "key": "aws:cloudformation:logical-id",
            "resource_id": "sg-0a8d1d3a2d1effe5d",
            "value": "AWSEBLoadBalancerSecurityGroup"
          },
          "sensitive_attributes": []
        }
      ]
    },
    {
      "mode": "managed",
      "type": "aws_ec2_tag",
      "name": "sg_0a8d1d3a2d1effe5d_aws_cloudformation_stack_id",
      "provider": "provider[\"registry.terraform.io/hashicorp/aws\"]",
      "instances": [
        {
          "schema_version": 0,
          "attributes": {
            "id": "sg-0a8d1d3a2d1effe5d,aws:cloudformation:stack-id",
            "key": "aws:cloudformation:stack-id",
            "resource_id": "sg-0a8d1d3a2d1effe5d",
            "value": "arn:aws-us-gov:cloudformation:us-gov-west-1:050779347855:stack/awseb-e-32xzmdus8p-stack/37a235f0-06dd-11ed-9790-0af3859fa8ce"
          },
          "sensitive_attributes": []
        }
      ]
    },
    {
      "mode": "managed",
      "type": "aws_ec2_tag",
      "name": "sg_0a8d1d3a2d1effe5d_aws_cloudformation_stack_name",
      "provider": "provider[\"registry.terraform.io/hashicorp/aws\"]",
      "instances": [
        {
          "schema_version": 0,
          "attributes": {
            "id": "sg-0a8d1d3a2d1effe5d,aws:cloudformation:stack-name",
            "key": "aws:cloudformation:stack-name",
            "resource_id": "sg-0a8d1d3a2d1effe5d",
            "value": "awseb-e-32xzmdus8p-stack"
          },
          "sensitive_attributes": []
        }
      ]
    },
    {
      "mode": "managed",
      "type": "aws_ec2_tag",
      "name": "sg_0a8d1d3a2d1effe5d_elasticbeanstalk_environment_id",
      "provider": "provider[\"registry.terraform.io/hashicorp/aws\"]",
      "instances": [
        {
          "schema_version": 0,
          "attributes": {
            "id": "sg-0a8d1d3a2d1effe5d,elasticbeanstalk:environment-id",
            "key": "elasticbeanstalk:environment-id",
            "resource_id": "sg-0a8d1d3a2d1effe5d",
            "value": "e-32xzmdus8p"
          },
          "sensitive_attributes": []
        }
      ]
    },
    {
      "mode": "managed",
      "type": "aws_ec2_tag",
      "name": "sg_0a8d1d3a2d1effe5d_elasticbeanstalk_environment_name",
      "provider": "provider[\"registry.terraform.io/hashicorp/aws\"]",
      "instances": [
        {
          "schema_version": 0,
          "attributes": {
            "id": "sg-0a8d1d3a2d1effe5d,elasticbeanstalk:environment-name",
            "key": "elasticbeanstalk:environment-name",
            "resource_id": "sg-0a8d1d3a2d1effe5d",
            "value": "services-gateway-blue"
          },
          "sensitive_attributes": []
        }
      ]
    },
    {
      "mode": "managed",
      "type": "aws_ec2_tag",
      "name": "sg_0ab678abfaabcacf3_Name",
      "provider": "provider[\"registry.terraform.io/hashicorp/aws\"]",
      "instances": [
        {
          "schema_version": 0,
          "attributes": {
            "id": "sg-0ab678abfaabcacf3,Name",
            "key": "Name",
            "resource_id": "sg-0ab678abfaabcacf3",
            "value": "capillary-web-ui-gateway-blue"
          },
          "sensitive_attributes": []
        }
      ]
    },
    {
      "mode": "managed",
      "type": "aws_ec2_tag",
      "name": "sg_0ab678abfaabcacf3_aws_cloudformation_logical_id",
      "provider": "provider[\"registry.terraform.io/hashicorp/aws\"]",
      "instances": [
        {
          "schema_version": 0,
          "attributes": {
            "id": "sg-0ab678abfaabcacf3,aws:cloudformation:logical-id",
            "key": "aws:cloudformation:logical-id",
            "resource_id": "sg-0ab678abfaabcacf3",
            "value": "AWSEBLoadBalancerSecurityGroup"
          },
          "sensitive_attributes": []
        }
      ]
    },
    {
      "mode": "managed",
      "type": "aws_ec2_tag",
      "name": "sg_0ab678abfaabcacf3_aws_cloudformation_stack_id",
      "provider": "provider[\"registry.terraform.io/hashicorp/aws\"]",
      "instances": [
        {
          "schema_version": 0,
          "attributes": {
            "id": "sg-0ab678abfaabcacf3,aws:cloudformation:stack-id",
            "key": "aws:cloudformation:stack-id",
            "resource_id": "sg-0ab678abfaabcacf3",
            "value": "arn:aws-us-gov:cloudformation:us-gov-west-1:050779347855:stack/awseb-e-bner7vhrif-stack/a9b89740-9c35-11ed-b355-02a85871835c"
          },
          "sensitive_attributes": []
        }
      ]
    },
    {
      "mode": "managed",
      "type": "aws_ec2_tag",
      "name": "sg_0ab678abfaabcacf3_aws_cloudformation_stack_name",
      "provider": "provider[\"registry.terraform.io/hashicorp/aws\"]",
      "instances": [
        {
          "schema_version": 0,
          "attributes": {
            "id": "sg-0ab678abfaabcacf3,aws:cloudformation:stack-name",
            "key": "aws:cloudformation:stack-name",
            "resource_id": "sg-0ab678abfaabcacf3",
            "value": "awseb-e-bner7vhrif-stack"
          },
          "sensitive_attributes": []
        }
      ]
    },
    {
      "mode": "managed",
      "type": "aws_ec2_tag",
      "name": "sg_0ab678abfaabcacf3_elasticbeanstalk_environment_id",
      "provider": "provider[\"registry.terraform.io/hashicorp/aws\"]",
      "instances": [
        {
          "schema_version": 0,
          "attributes": {
            "id": "sg-0ab678abfaabcacf3,elasticbeanstalk:environment-id",
            "key": "elasticbeanstalk:environment-id",
            "resource_id": "sg-0ab678abfaabcacf3",
            "value": "e-bner7vhrif"
          },
          "sensitive_attributes": []
        }
      ]
    },
    {
      "mode": "managed",
      "type": "aws_ec2_tag",
      "name": "sg_0ab678abfaabcacf3_elasticbeanstalk_environment_name",
      "provider": "provider[\"registry.terraform.io/hashicorp/aws\"]",
      "instances": [
        {
          "schema_version": 0,
          "attributes": {
            "id": "sg-0ab678abfaabcacf3,elasticbeanstalk:environment-name",
            "key": "elasticbeanstalk:environment-name",
            "resource_id": "sg-0ab678abfaabcacf3",
            "value": "capillary-web-ui-gateway-blue"
          },
          "sensitive_attributes": []
        }
      ]
    },
    {
      "mode": "managed",
      "type": "aws_ec2_tag",
      "name": "sg_0b0eed2b18edcbfaa_DeploymentEnvironment",
      "provider": "provider[\"registry.terraform.io/hashicorp/aws\"]",
      "instances": [
        {
          "schema_version": 0,
          "attributes": {
            "id": "sg-0b0eed2b18edcbfaa,DeploymentEnvironment",
            "key": "DeploymentEnvironment",
            "resource_id": "sg-0b0eed2b18edcbfaa",
            "value": "production"
          },
          "sensitive_attributes": []
        }
      ]
    },
    {
      "mode": "managed",
      "type": "aws_ec2_tag",
      "name": "sg_0b0eed2b18edcbfaa_Name",
      "provider": "provider[\"registry.terraform.io/hashicorp/aws\"]",
      "instances": [
        {
          "schema_version": 0,
          "attributes": {
            "id": "sg-0b0eed2b18edcbfaa,Name",
            "key": "Name",
            "resource_id": "sg-0b0eed2b18edcbfaa",
            "value": "production-Postgresql"
          },
          "sensitive_attributes": []
        }
      ]
    },
    {
      "mode": "managed",
      "type": "aws_ec2_tag",
      "name": "sg_0b0eed2b18edcbfaa_aws_cloudformation_logical_id",
      "provider": "provider[\"registry.terraform.io/hashicorp/aws\"]",
      "instances": [
        {
          "schema_version": 0,
          "attributes": {
            "id": "sg-0b0eed2b18edcbfaa,aws:cloudformation:logical-id",
            "key": "aws:cloudformation:logical-id",
            "resource_id": "sg-0b0eed2b18edcbfaa",
            "value": "PostgresqlSecurityGroup"
          },
          "sensitive_attributes": []
        }
      ]
    },
    {
      "mode": "managed",
      "type": "aws_ec2_tag",
      "name": "sg_0b0eed2b18edcbfaa_aws_cloudformation_stack_id",
      "provider": "provider[\"registry.terraform.io/hashicorp/aws\"]",
      "instances": [
        {
          "schema_version": 0,
          "attributes": {
            "id": "sg-0b0eed2b18edcbfaa,aws:cloudformation:stack-id",
            "key": "aws:cloudformation:stack-id",
            "resource_id": "sg-0b0eed2b18edcbfaa",
            "value": "arn:aws-us-gov:cloudformation:us-gov-west-1:050779347855:stack/PostgresqlCommon/051b2160-d64e-11ec-8681-02a765a9a74e"
          },
          "sensitive_attributes": []
        }
      ]
    },
    {
      "mode": "managed",
      "type": "aws_ec2_tag",
      "name": "sg_0b0eed2b18edcbfaa_aws_cloudformation_stack_name",
      "provider": "provider[\"registry.terraform.io/hashicorp/aws\"]",
      "instances": [
        {
          "schema_version": 0,
          "attributes": {
            "id": "sg-0b0eed2b18edcbfaa,aws:cloudformation:stack-name",
            "key": "aws:cloudformation:stack-name",
            "resource_id": "sg-0b0eed2b18edcbfaa",
            "value": "PostgresqlCommon"
          },
          "sensitive_attributes": []
        }
      ]
    },
    {
      "mode": "managed",
      "type": "aws_ec2_tag",
      "name": "sg_0b827258e3f0559d8_Name",
      "provider": "provider[\"registry.terraform.io/hashicorp/aws\"]",
      "instances": [
        {
          "schema_version": 0,
          "attributes": {
            "id": "sg-0b827258e3f0559d8,Name",
            "key": "Name",
            "resource_id": "sg-0b827258e3f0559d8",
            "value": "collaboration-person-blue"
          },
          "sensitive_attributes": []
        }
      ]
    },
    {
      "mode": "managed",
      "type": "aws_ec2_tag",
      "name": "sg_0b827258e3f0559d8_aws_cloudformation_logical_id",
      "provider": "provider[\"registry.terraform.io/hashicorp/aws\"]",
      "instances": [
        {
          "schema_version": 0,
          "attributes": {
            "id": "sg-0b827258e3f0559d8,aws:cloudformation:logical-id",
            "key": "aws:cloudformation:logical-id",
            "resource_id": "sg-0b827258e3f0559d8",
            "value": "AWSEBLoadBalancerSecurityGroup"
          },
          "sensitive_attributes": []
        }
      ]
    },
    {
      "mode": "managed",
      "type": "aws_ec2_tag",
      "name": "sg_0b827258e3f0559d8_aws_cloudformation_stack_id",
      "provider": "provider[\"registry.terraform.io/hashicorp/aws\"]",
      "instances": [
        {
          "schema_version": 0,
          "attributes": {
            "id": "sg-0b827258e3f0559d8,aws:cloudformation:stack-id",
            "key": "aws:cloudformation:stack-id",
            "resource_id": "sg-0b827258e3f0559d8",
            "value": "arn:aws-us-gov:cloudformation:us-gov-west-1:050779347855:stack/awseb-e-3evreti3za-stack/f241c380-0395-11ed-b8bd-0283434cac1e"
          },
          "sensitive_attributes": []
        }
      ]
    },
    {
      "mode": "managed",
      "type": "aws_ec2_tag",
      "name": "sg_0b827258e3f0559d8_aws_cloudformation_stack_name",
      "provider": "provider[\"registry.terraform.io/hashicorp/aws\"]",
      "instances": [
        {
          "schema_version": 0,
          "attributes": {
            "id": "sg-0b827258e3f0559d8,aws:cloudformation:stack-name",
            "key": "aws:cloudformation:stack-name",
            "resource_id": "sg-0b827258e3f0559d8",
            "value": "awseb-e-3evreti3za-stack"
          },
          "sensitive_attributes": []
        }
      ]
    },
    {
      "mode": "managed",
      "type": "aws_ec2_tag",
      "name": "sg_0b827258e3f0559d8_elasticbeanstalk_environment_id",
      "provider": "provider[\"registry.terraform.io/hashicorp/aws\"]",
      "instances": [
        {
          "schema_version": 0,
          "attributes": {
            "id": "sg-0b827258e3f0559d8,elasticbeanstalk:environment-id",
            "key": "elasticbeanstalk:environment-id",
            "resource_id": "sg-0b827258e3f0559d8",
            "value": "e-3evreti3za"
          },
          "sensitive_attributes": []
        }
      ]
    },
    {
      "mode": "managed",
      "type": "aws_ec2_tag",
      "name": "sg_0b827258e3f0559d8_elasticbeanstalk_environment_name",
      "provider": "provider[\"registry.terraform.io/hashicorp/aws\"]",
      "instances": [
        {
          "schema_version": 0,
          "attributes": {
            "id": "sg-0b827258e3f0559d8,elasticbeanstalk:environment-name",
            "key": "elasticbeanstalk:environment-name",
            "resource_id": "sg-0b827258e3f0559d8",
            "value": "collaboration-person-blue"
          },
          "sensitive_attributes": []
        }
      ]
    },
    {
      "mode": "managed",
      "type": "aws_ec2_tag",
      "name": "sg_0c1125388a56a7f34_Name",
      "provider": "provider[\"registry.terraform.io/hashicorp/aws\"]",
      "instances": [
        {
          "schema_version": 0,
          "attributes": {
            "id": "sg-0c1125388a56a7f34,Name",
            "key": "Name",
            "resource_id": "sg-0c1125388a56a7f34",
            "value": "internal-services-gateway-green"
          },
          "sensitive_attributes": []
        }
      ]
    },
    {
      "mode": "managed",
      "type": "aws_ec2_tag",
      "name": "sg_0c1125388a56a7f34_aws_cloudformation_logical_id",
      "provider": "provider[\"registry.terraform.io/hashicorp/aws\"]",
      "instances": [
        {
          "schema_version": 0,
          "attributes": {
            "id": "sg-0c1125388a56a7f34,aws:cloudformation:logical-id",
            "key": "aws:cloudformation:logical-id",
            "resource_id": "sg-0c1125388a56a7f34",
            "value": "AWSEBSecurityGroup"
          },
          "sensitive_attributes": []
        }
      ]
    },
    {
      "mode": "managed",
      "type": "aws_ec2_tag",
      "name": "sg_0c1125388a56a7f34_aws_cloudformation_stack_id",
      "provider": "provider[\"registry.terraform.io/hashicorp/aws\"]",
      "instances": [
        {
          "schema_version": 0,
          "attributes": {
            "id": "sg-0c1125388a56a7f34,aws:cloudformation:stack-id",
            "key": "aws:cloudformation:stack-id",
            "resource_id": "sg-0c1125388a56a7f34",
            "value": "arn:aws-us-gov:cloudformation:us-gov-west-1:050779347855:stack/awseb-e-yd9s5vvfgp-stack/1e4152c0-ef37-11ec-a650-0609d503b30c"
          },
          "sensitive_attributes": []
        }
      ]
    },
    {
      "mode": "managed",
      "type": "aws_ec2_tag",
      "name": "sg_0c1125388a56a7f34_aws_cloudformation_stack_name",
      "provider": "provider[\"registry.terraform.io/hashicorp/aws\"]",
      "instances": [
        {
          "schema_version": 0,
          "attributes": {
            "id": "sg-0c1125388a56a7f34,aws:cloudformation:stack-name",
            "key": "aws:cloudformation:stack-name",
            "resource_id": "sg-0c1125388a56a7f34",
            "value": "awseb-e-yd9s5vvfgp-stack"
          },
          "sensitive_attributes": []
        }
      ]
    },
    {
      "mode": "managed",
      "type": "aws_ec2_tag",
      "name": "sg_0c1125388a56a7f34_elasticbeanstalk_environment_id",
      "provider": "provider[\"registry.terraform.io/hashicorp/aws\"]",
      "instances": [
        {
          "schema_version": 0,
          "attributes": {
            "id": "sg-0c1125388a56a7f34,elasticbeanstalk:environment-id",
            "key": "elasticbeanstalk:environment-id",
            "resource_id": "sg-0c1125388a56a7f34",
            "value": "e-yd9s5vvfgp"
          },
          "sensitive_attributes": []
        }
      ]
    },
    {
      "mode": "managed",
      "type": "aws_ec2_tag",
      "name": "sg_0c1125388a56a7f34_elasticbeanstalk_environment_name",
      "provider": "provider[\"registry.terraform.io/hashicorp/aws\"]",
      "instances": [
        {
          "schema_version": 0,
          "attributes": {
            "id": "sg-0c1125388a56a7f34,elasticbeanstalk:environment-name",
            "key": "elasticbeanstalk:environment-name",
            "resource_id": "sg-0c1125388a56a7f34",
            "value": "internal-services-gateway-green"
          },
          "sensitive_attributes": []
        }
      ]
    },
    {
      "mode": "managed",
      "type": "aws_ec2_tag",
      "name": "sg_0c57e293d12c4ba08_Name",
      "provider": "provider[\"registry.terraform.io/hashicorp/aws\"]",
      "instances": [
        {
          "schema_version": 0,
          "attributes": {
            "id": "sg-0c57e293d12c4ba08,Name",
            "key": "Name",
            "resource_id": "sg-0c57e293d12c4ba08",
            "value": "collaboration-person-blue"
          },
          "sensitive_attributes": []
        }
      ]
    },
    {
      "mode": "managed",
      "type": "aws_ec2_tag",
      "name": "sg_0c57e293d12c4ba08_aws_cloudformation_logical_id",
      "provider": "provider[\"registry.terraform.io/hashicorp/aws\"]",
      "instances": [
        {
          "schema_version": 0,
          "attributes": {
            "id": "sg-0c57e293d12c4ba08,aws:cloudformation:logical-id",
            "key": "aws:cloudformation:logical-id",
            "resource_id": "sg-0c57e293d12c4ba08",
            "value": "AWSEBSecurityGroup"
          },
          "sensitive_attributes": []
        }
      ]
    },
    {
      "mode": "managed",
      "type": "aws_ec2_tag",
      "name": "sg_0c57e293d12c4ba08_aws_cloudformation_stack_id",
      "provider": "provider[\"registry.terraform.io/hashicorp/aws\"]",
      "instances": [
        {
          "schema_version": 0,
          "attributes": {
            "id": "sg-0c57e293d12c4ba08,aws:cloudformation:stack-id",
            "key": "aws:cloudformation:stack-id",
            "resource_id": "sg-0c57e293d12c4ba08",
            "value": "arn:aws-us-gov:cloudformation:us-gov-west-1:050779347855:stack/awseb-e-3evreti3za-stack/f241c380-0395-11ed-b8bd-0283434cac1e"
          },
          "sensitive_attributes": []
        }
      ]
    },
    {
      "mode": "managed",
      "type": "aws_ec2_tag",
      "name": "sg_0c57e293d12c4ba08_aws_cloudformation_stack_name",
      "provider": "provider[\"registry.terraform.io/hashicorp/aws\"]",
      "instances": [
        {
          "schema_version": 0,
          "attributes": {
            "id": "sg-0c57e293d12c4ba08,aws:cloudformation:stack-name",
            "key": "aws:cloudformation:stack-name",
            "resource_id": "sg-0c57e293d12c4ba08",
            "value": "awseb-e-3evreti3za-stack"
          },
          "sensitive_attributes": []
        }
      ]
    },
    {
      "mode": "managed",
      "type": "aws_ec2_tag",
      "name": "sg_0c57e293d12c4ba08_elasticbeanstalk_environment_id",
      "provider": "provider[\"registry.terraform.io/hashicorp/aws\"]",
      "instances": [
        {
          "schema_version": 0,
          "attributes": {
            "id": "sg-0c57e293d12c4ba08,elasticbeanstalk:environment-id",
            "key": "elasticbeanstalk:environment-id",
            "resource_id": "sg-0c57e293d12c4ba08",
            "value": "e-3evreti3za"
          },
          "sensitive_attributes": []
        }
      ]
    },
    {
      "mode": "managed",
      "type": "aws_ec2_tag",
      "name": "sg_0c57e293d12c4ba08_elasticbeanstalk_environment_name",
      "provider": "provider[\"registry.terraform.io/hashicorp/aws\"]",
      "instances": [
        {
          "schema_version": 0,
          "attributes": {
            "id": "sg-0c57e293d12c4ba08,elasticbeanstalk:environment-name",
            "key": "elasticbeanstalk:environment-name",
            "resource_id": "sg-0c57e293d12c4ba08",
            "value": "collaboration-person-blue"
          },
          "sensitive_attributes": []
        }
      ]
    },
    {
      "mode": "managed",
      "type": "aws_ec2_tag",
      "name": "sg_0cb65ab88426db217_DeploymentEnvironment",
      "provider": "provider[\"registry.terraform.io/hashicorp/aws\"]",
      "instances": [
        {
          "schema_version": 0,
          "attributes": {
            "id": "sg-0cb65ab88426db217,DeploymentEnvironment",
            "key": "DeploymentEnvironment",
            "resource_id": "sg-0cb65ab88426db217",
            "value": "production"
          },
          "sensitive_attributes": []
        }
      ]
    },
    {
      "mode": "managed",
      "type": "aws_ec2_tag",
      "name": "sg_0cb65ab88426db217_Name",
      "provider": "provider[\"registry.terraform.io/hashicorp/aws\"]",
      "instances": [
        {
          "schema_version": 0,
          "attributes": {
            "id": "sg-0cb65ab88426db217,Name",
            "key": "Name",
            "resource_id": "sg-0cb65ab88426db217",
            "value": "production-MongoDB"
          },
          "sensitive_attributes": []
        }
      ]
    },
    {
      "mode": "managed",
      "type": "aws_ec2_tag",
      "name": "sg_0cb65ab88426db217_aws_cloudformation_logical_id",
      "provider": "provider[\"registry.terraform.io/hashicorp/aws\"]",
      "instances": [
        {
          "schema_version": 0,
          "attributes": {
            "id": "sg-0cb65ab88426db217,aws:cloudformation:logical-id",
            "key": "aws:cloudformation:logical-id",
            "resource_id": "sg-0cb65ab88426db217",
            "value": "MongoSecurityGroup"
          },
          "sensitive_attributes": []
        }
      ]
    },
    {
      "mode": "managed",
      "type": "aws_ec2_tag",
      "name": "sg_0cb65ab88426db217_aws_cloudformation_stack_id",
      "provider": "provider[\"registry.terraform.io/hashicorp/aws\"]",
      "instances": [
        {
          "schema_version": 0,
          "attributes": {
            "id": "sg-0cb65ab88426db217,aws:cloudformation:stack-id",
            "key": "aws:cloudformation:stack-id",
            "resource_id": "sg-0cb65ab88426db217",
            "value": "arn:aws-us-gov:cloudformation:us-gov-west-1:050779347855:stack/DocumentDbCommon/082c2860-d642-11ec-a039-0609d503b30c"
          },
          "sensitive_attributes": []
        }
      ]
    },
    {
      "mode": "managed",
      "type": "aws_ec2_tag",
      "name": "sg_0cb65ab88426db217_aws_cloudformation_stack_name",
      "provider": "provider[\"registry.terraform.io/hashicorp/aws\"]",
      "instances": [
        {
          "schema_version": 0,
          "attributes": {
            "id": "sg-0cb65ab88426db217,aws:cloudformation:stack-name",
            "key": "aws:cloudformation:stack-name",
            "resource_id": "sg-0cb65ab88426db217",
            "value": "DocumentDbCommon"
          },
          "sensitive_attributes": []
        }
      ]
    },
    {
      "mode": "managed",
      "type": "aws_ec2_tag",
      "name": "sg_0cc77f2002d2d75ac_DeploymentEnvironment",
      "provider": "provider[\"registry.terraform.io/hashicorp/aws\"]",
      "instances": [
        {
          "schema_version": 0,
          "attributes": {
            "id": "sg-0cc77f2002d2d75ac,DeploymentEnvironment",
            "key": "DeploymentEnvironment",
            "resource_id": "sg-0cc77f2002d2d75ac",
            "value": "production"
          },
          "sensitive_attributes": []
        }
      ]
    },
    {
      "mode": "managed",
      "type": "aws_ec2_tag",
      "name": "sg_0cc77f2002d2d75ac_Name",
      "provider": "provider[\"registry.terraform.io/hashicorp/aws\"]",
      "instances": [
        {
          "schema_version": 0,
          "attributes": {
            "id": "sg-0cc77f2002d2d75ac,Name",
            "key": "Name",
            "resource_id": "sg-0cc77f2002d2d75ac",
            "value": "WebLoadBalancer"
          },
          "sensitive_attributes": []
        }
      ]
    },
    {
      "mode": "managed",
      "type": "aws_ec2_tag",
      "name": "sg_0cc77f2002d2d75ac_aws_cloudformation_logical_id",
      "provider": "provider[\"registry.terraform.io/hashicorp/aws\"]",
      "instances": [
        {
          "schema_version": 0,
          "attributes": {
            "id": "sg-0cc77f2002d2d75ac,aws:cloudformation:logical-id",
            "key": "aws:cloudformation:logical-id",
            "resource_id": "sg-0cc77f2002d2d75ac",
            "value": "WebLoadBalancerSecurityGroup"
          },
          "sensitive_attributes": []
        }
      ]
    },
    {
      "mode": "managed",
      "type": "aws_ec2_tag",
      "name": "sg_0cc77f2002d2d75ac_aws_cloudformation_stack_id",
      "provider": "provider[\"registry.terraform.io/hashicorp/aws\"]",
      "instances": [
        {
          "schema_version": 0,
          "attributes": {
            "id": "sg-0cc77f2002d2d75ac,aws:cloudformation:stack-id",
            "key": "aws:cloudformation:stack-id",
            "resource_id": "sg-0cc77f2002d2d75ac",
            "value": "arn:aws-us-gov:cloudformation:us-gov-west-1:050779347855:stack/ProductionVPC/e28075a0-d257-11ec-bd87-02113c9a3bae"
          },
          "sensitive_attributes": []
        }
      ]
    },
    {
      "mode": "managed",
      "type": "aws_ec2_tag",
      "name": "sg_0cc77f2002d2d75ac_aws_cloudformation_stack_name",
      "provider": "provider[\"registry.terraform.io/hashicorp/aws\"]",
      "instances": [
        {
          "schema_version": 0,
          "attributes": {
            "id": "sg-0cc77f2002d2d75ac,aws:cloudformation:stack-name",
            "key": "aws:cloudformation:stack-name",
            "resource_id": "sg-0cc77f2002d2d75ac",
            "value": "ProductionVPC"
          },
          "sensitive_attributes": []
        }
      ]
    },
    {
      "mode": "managed",
      "type": "aws_ec2_tag",
      "name": "sg_0ce67711c9eb8e894_Name",
      "provider": "provider[\"registry.terraform.io/hashicorp/aws\"]",
      "instances": [
        {
          "schema_version": 0,
          "attributes": {
            "id": "sg-0ce67711c9eb8e894,Name",
            "key": "Name",
            "resource_id": "sg-0ce67711c9eb8e894",
            "value": "mobile-client-gateway-blue"
          },
          "sensitive_attributes": []
        }
      ]
    },
    {
      "mode": "managed",
      "type": "aws_ec2_tag",
      "name": "sg_0ce67711c9eb8e894_aws_cloudformation_logical_id",
      "provider": "provider[\"registry.terraform.io/hashicorp/aws\"]",
      "instances": [
        {
          "schema_version": 0,
          "attributes": {
            "id": "sg-0ce67711c9eb8e894,aws:cloudformation:logical-id",
            "key": "aws:cloudformation:logical-id",
            "resource_id": "sg-0ce67711c9eb8e894",
            "value": "AWSEBLoadBalancerSecurityGroup"
          },
          "sensitive_attributes": []
        }
      ]
    },
    {
      "mode": "managed",
      "type": "aws_ec2_tag",
      "name": "sg_0ce67711c9eb8e894_aws_cloudformation_stack_id",
      "provider": "provider[\"registry.terraform.io/hashicorp/aws\"]",
      "instances": [
        {
          "schema_version": 0,
          "attributes": {
            "id": "sg-0ce67711c9eb8e894,aws:cloudformation:stack-id",
            "key": "aws:cloudformation:stack-id",
            "resource_id": "sg-0ce67711c9eb8e894",
            "value": "arn:aws-us-gov:cloudformation:us-gov-west-1:050779347855:stack/awseb-e-pcw37ypdme-stack/d4f8d370-c345-11ed-bba7-02cbd686710c"
          },
          "sensitive_attributes": []
        }
      ]
    },
    {
      "mode": "managed",
      "type": "aws_ec2_tag",
      "name": "sg_0ce67711c9eb8e894_aws_cloudformation_stack_name",
      "provider": "provider[\"registry.terraform.io/hashicorp/aws\"]",
      "instances": [
        {
          "schema_version": 0,
          "attributes": {
            "id": "sg-0ce67711c9eb8e894,aws:cloudformation:stack-name",
            "key": "aws:cloudformation:stack-name",
            "resource_id": "sg-0ce67711c9eb8e894",
            "value": "awseb-e-pcw37ypdme-stack"
          },
          "sensitive_attributes": []
        }
      ]
    },
    {
      "mode": "managed",
      "type": "aws_ec2_tag",
      "name": "sg_0ce67711c9eb8e894_elasticbeanstalk_environment_id",
      "provider": "provider[\"registry.terraform.io/hashicorp/aws\"]",
      "instances": [
        {
          "schema_version": 0,
          "attributes": {
            "id": "sg-0ce67711c9eb8e894,elasticbeanstalk:environment-id",
            "key": "elasticbeanstalk:environment-id",
            "resource_id": "sg-0ce67711c9eb8e894",
            "value": "e-pcw37ypdme"
          },
          "sensitive_attributes": []
        }
      ]
    },
    {
      "mode": "managed",
      "type": "aws_ec2_tag",
      "name": "sg_0ce67711c9eb8e894_elasticbeanstalk_environment_name",
      "provider": "provider[\"registry.terraform.io/hashicorp/aws\"]",
      "instances": [
        {
          "schema_version": 0,
          "attributes": {
            "id": "sg-0ce67711c9eb8e894,elasticbeanstalk:environment-name",
            "key": "elasticbeanstalk:environment-name",
            "resource_id": "sg-0ce67711c9eb8e894",
            "value": "mobile-client-gateway-blue"
          },
          "sensitive_attributes": []
        }
      ]
    },
    {
      "mode": "managed",
      "type": "aws_ec2_tag",
      "name": "sg_0cea0f3c33135fbaa_DeploymentEnvironment",
      "provider": "provider[\"registry.terraform.io/hashicorp/aws\"]",
      "instances": [
        {
          "schema_version": 0,
          "attributes": {
            "id": "sg-0cea0f3c33135fbaa,DeploymentEnvironment",
            "key": "DeploymentEnvironment",
            "resource_id": "sg-0cea0f3c33135fbaa",
            "value": "ThirdParty"
          },
          "sensitive_attributes": []
        }
      ]
    },
    {
      "mode": "managed",
      "type": "aws_ec2_tag",
      "name": "sg_0cea0f3c33135fbaa_Name",
      "provider": "provider[\"registry.terraform.io/hashicorp/aws\"]",
      "instances": [
        {
          "schema_version": 0,
          "attributes": {
            "id": "sg-0cea0f3c33135fbaa,Name",
            "key": "Name",
            "resource_id": "sg-0cea0f3c33135fbaa",
            "value": "ThirdParty-AllogyDeveloperSSH"
          },
          "sensitive_attributes": []
        }
      ]
    },
    {
      "mode": "managed",
      "type": "aws_ec2_tag",
      "name": "sg_0cea0f3c33135fbaa_aws_cloudformation_logical_id",
      "provider": "provider[\"registry.terraform.io/hashicorp/aws\"]",
      "instances": [
        {
          "schema_version": 0,
          "attributes": {
            "id": "sg-0cea0f3c33135fbaa,aws:cloudformation:logical-id",
            "key": "aws:cloudformation:logical-id",
            "resource_id": "sg-0cea0f3c33135fbaa",
            "value": "AllogyDeveloperSSHSecurityGroup"
          },
          "sensitive_attributes": []
        }
      ]
    },
    {
      "mode": "managed",
      "type": "aws_ec2_tag",
      "name": "sg_0cea0f3c33135fbaa_aws_cloudformation_stack_id",
      "provider": "provider[\"registry.terraform.io/hashicorp/aws\"]",
      "instances": [
        {
          "schema_version": 0,
          "attributes": {
            "id": "sg-0cea0f3c33135fbaa,aws:cloudformation:stack-id",
            "key": "aws:cloudformation:stack-id",
            "resource_id": "sg-0cea0f3c33135fbaa",
            "value": "arn:aws-us-gov:cloudformation:us-gov-west-1:050779347855:stack/ThirdPartyVPC/b9e1f1f0-d24d-11ec-864f-0afb90a38fc8"
          },
          "sensitive_attributes": []
        }
      ]
    },
    {
      "mode": "managed",
      "type": "aws_ec2_tag",
      "name": "sg_0cea0f3c33135fbaa_aws_cloudformation_stack_name",
      "provider": "provider[\"registry.terraform.io/hashicorp/aws\"]",
      "instances": [
        {
          "schema_version": 0,
          "attributes": {
            "id": "sg-0cea0f3c33135fbaa,aws:cloudformation:stack-name",
            "key": "aws:cloudformation:stack-name",
            "resource_id": "sg-0cea0f3c33135fbaa",
            "value": "ThirdPartyVPC"
          },
          "sensitive_attributes": []
        }
      ]
    },
    {
      "mode": "managed",
      "type": "aws_ec2_tag",
      "name": "sg_0d25cb1fc58d097e9_DeploymentEnvironment",
      "provider": "provider[\"registry.terraform.io/hashicorp/aws\"]",
      "instances": [
        {
          "schema_version": 0,
          "attributes": {
            "id": "sg-0d25cb1fc58d097e9,DeploymentEnvironment",
            "key": "DeploymentEnvironment",
            "resource_id": "sg-0d25cb1fc58d097e9",
            "value": "production"
          },
          "sensitive_attributes": []
        }
      ]
    },
    {
      "mode": "managed",
      "type": "aws_ec2_tag",
      "name": "sg_0d25cb1fc58d097e9_Name",
      "provider": "provider[\"registry.terraform.io/hashicorp/aws\"]",
      "instances": [
        {
          "schema_version": 0,
          "attributes": {
            "id": "sg-0d25cb1fc58d097e9,Name",
            "key": "Name",
            "resource_id": "sg-0d25cb1fc58d097e9",
            "value": "production-Redis"
          },
          "sensitive_attributes": []
        }
      ]
    },
    {
      "mode": "managed",
      "type": "aws_ec2_tag",
      "name": "sg_0d25cb1fc58d097e9_aws_cloudformation_logical_id",
      "provider": "provider[\"registry.terraform.io/hashicorp/aws\"]",
      "instances": [
        {
          "schema_version": 0,
          "attributes": {
            "id": "sg-0d25cb1fc58d097e9,aws:cloudformation:logical-id",
            "key": "aws:cloudformation:logical-id",
            "resource_id": "sg-0d25cb1fc58d097e9",
            "value": "RedisSecurityGroup"
          },
          "sensitive_attributes": []
        }
      ]
    },
    {
      "mode": "managed",
      "type": "aws_ec2_tag",
      "name": "sg_0d25cb1fc58d097e9_aws_cloudformation_stack_id",
      "provider": "provider[\"registry.terraform.io/hashicorp/aws\"]",
      "instances": [
        {
          "schema_version": 0,
          "attributes": {
            "id": "sg-0d25cb1fc58d097e9,aws:cloudformation:stack-id",
            "key": "aws:cloudformation:stack-id",
            "resource_id": "sg-0d25cb1fc58d097e9",
            "value": "arn:aws-us-gov:cloudformation:us-gov-west-1:050779347855:stack/ElastiCacheCommon/a519dc40-d63c-11ec-8291-062c2f46ef4a"
          },
          "sensitive_attributes": []
        }
      ]
    },
    {
      "mode": "managed",
      "type": "aws_ec2_tag",
      "name": "sg_0d25cb1fc58d097e9_aws_cloudformation_stack_name",
      "provider": "provider[\"registry.terraform.io/hashicorp/aws\"]",
      "instances": [
        {
          "schema_version": 0,
          "attributes": {
            "id": "sg-0d25cb1fc58d097e9,aws:cloudformation:stack-name",
            "key": "aws:cloudformation:stack-name",
            "resource_id": "sg-0d25cb1fc58d097e9",
            "value": "ElastiCacheCommon"
          },
          "sensitive_attributes": []
        }
      ]
    },
    {
      "mode": "managed",
      "type": "aws_ec2_tag",
      "name": "sg_0d799b653c4043218_Name",
      "provider": "provider[\"registry.terraform.io/hashicorp/aws\"]",
      "instances": [
        {
          "schema_version": 0,
          "attributes": {
            "id": "sg-0d799b653c4043218,Name",
            "key": "Name",
            "resource_id": "sg-0d799b653c4043218",
            "value": "book-service-blue"
          },
          "sensitive_attributes": []
        }
      ]
    },
    {
      "mode": "managed",
      "type": "aws_ec2_tag",
      "name": "sg_0d799b653c4043218_aws_cloudformation_logical_id",
      "provider": "provider[\"registry.terraform.io/hashicorp/aws\"]",
      "instances": [
        {
          "schema_version": 0,
          "attributes": {
            "id": "sg-0d799b653c4043218,aws:cloudformation:logical-id",
            "key": "aws:cloudformation:logical-id",
            "resource_id": "sg-0d799b653c4043218",
            "value": "AWSEBSecurityGroup"
          },
          "sensitive_attributes": []
        }
      ]
    },
    {
      "mode": "managed",
      "type": "aws_ec2_tag",
      "name": "sg_0d799b653c4043218_aws_cloudformation_stack_id",
      "provider": "provider[\"registry.terraform.io/hashicorp/aws\"]",
      "instances": [
        {
          "schema_version": 0,
          "attributes": {
            "id": "sg-0d799b653c4043218,aws:cloudformation:stack-id",
            "key": "aws:cloudformation:stack-id",
            "resource_id": "sg-0d799b653c4043218",
            "value": "arn:aws-us-gov:cloudformation:us-gov-west-1:050779347855:stack/awseb-e-fmzgrfkcqp-stack/c8a2cd90-a17d-11ed-be8e-06938baa4238"
          },
          "sensitive_attributes": []
        }
      ]
    },
    {
      "mode": "managed",
      "type": "aws_ec2_tag",
      "name": "sg_0d799b653c4043218_aws_cloudformation_stack_name",
      "provider": "provider[\"registry.terraform.io/hashicorp/aws\"]",
      "instances": [
        {
          "schema_version": 0,
          "attributes": {
            "id": "sg-0d799b653c4043218,aws:cloudformation:stack-name",
            "key": "aws:cloudformation:stack-name",
            "resource_id": "sg-0d799b653c4043218",
            "value": "awseb-e-fmzgrfkcqp-stack"
          },
          "sensitive_attributes": []
        }
      ]
    },
    {
      "mode": "managed",
      "type": "aws_ec2_tag",
      "name": "sg_0d799b653c4043218_elasticbeanstalk_environment_id",
      "provider": "provider[\"registry.terraform.io/hashicorp/aws\"]",
      "instances": [
        {
          "schema_version": 0,
          "attributes": {
            "id": "sg-0d799b653c4043218,elasticbeanstalk:environment-id",
            "key": "elasticbeanstalk:environment-id",
            "resource_id": "sg-0d799b653c4043218",
            "value": "e-fmzgrfkcqp"
          },
          "sensitive_attributes": []
        }
      ]
    },
    {
      "mode": "managed",
      "type": "aws_ec2_tag",
      "name": "sg_0d799b653c4043218_elasticbeanstalk_environment_name",
      "provider": "provider[\"registry.terraform.io/hashicorp/aws\"]",
      "instances": [
        {
          "schema_version": 0,
          "attributes": {
            "id": "sg-0d799b653c4043218,elasticbeanstalk:environment-name",
            "key": "elasticbeanstalk:environment-name",
            "resource_id": "sg-0d799b653c4043218",
            "value": "book-service-blue"
          },
          "sensitive_attributes": []
        }
      ]
    },
    {
      "mode": "managed",
      "type": "aws_ec2_tag",
      "name": "sg_0e163ba7aac633501_Name",
      "provider": "provider[\"registry.terraform.io/hashicorp/aws\"]",
      "instances": [
        {
          "schema_version": 0,
          "attributes": {
            "id": "sg-0e163ba7aac633501,Name",
            "key": "Name",
            "resource_id": "sg-0e163ba7aac633501",
            "value": "capillary-web-ui-gateway-green"
          },
          "sensitive_attributes": []
        }
      ]
    },
    {
      "mode": "managed",
      "type": "aws_ec2_tag",
      "name": "sg_0e163ba7aac633501_aws_cloudformation_logical_id",
      "provider": "provider[\"registry.terraform.io/hashicorp/aws\"]",
      "instances": [
        {
          "schema_version": 0,
          "attributes": {
            "id": "sg-0e163ba7aac633501,aws:cloudformation:logical-id",
            "key": "aws:cloudformation:logical-id",
            "resource_id": "sg-0e163ba7aac633501",
            "value": "AWSEBLoadBalancerSecurityGroup"
          },
          "sensitive_attributes": []
        }
      ]
    },
    {
      "mode": "managed",
      "type": "aws_ec2_tag",
      "name": "sg_0e163ba7aac633501_aws_cloudformation_stack_id",
      "provider": "provider[\"registry.terraform.io/hashicorp/aws\"]",
      "instances": [
        {
          "schema_version": 0,
          "attributes": {
            "id": "sg-0e163ba7aac633501,aws:cloudformation:stack-id",
            "key": "aws:cloudformation:stack-id",
            "resource_id": "sg-0e163ba7aac633501",
            "value": "arn:aws-us-gov:cloudformation:us-gov-west-1:050779347855:stack/awseb-e-ipfavj64xz-stack/a003a160-9b43-11ed-9ccf-0a6230a107d4"
          },
          "sensitive_attributes": []
        }
      ]
    },
    {
      "mode": "managed",
      "type": "aws_ec2_tag",
      "name": "sg_0e163ba7aac633501_aws_cloudformation_stack_name",
      "provider": "provider[\"registry.terraform.io/hashicorp/aws\"]",
      "instances": [
        {
          "schema_version": 0,
          "attributes": {
            "id": "sg-0e163ba7aac633501,aws:cloudformation:stack-name",
            "key": "aws:cloudformation:stack-name",
            "resource_id": "sg-0e163ba7aac633501",
            "value": "awseb-e-ipfavj64xz-stack"
          },
          "sensitive_attributes": []
        }
      ]
    },
    {
      "mode": "managed",
      "type": "aws_ec2_tag",
      "name": "sg_0e163ba7aac633501_elasticbeanstalk_environment_id",
      "provider": "provider[\"registry.terraform.io/hashicorp/aws\"]",
      "instances": [
        {
          "schema_version": 0,
          "attributes": {
            "id": "sg-0e163ba7aac633501,elasticbeanstalk:environment-id",
            "key": "elasticbeanstalk:environment-id",
            "resource_id": "sg-0e163ba7aac633501",
            "value": "e-ipfavj64xz"
          },
          "sensitive_attributes": []
        }
      ]
    },
    {
      "mode": "managed",
      "type": "aws_ec2_tag",
      "name": "sg_0e163ba7aac633501_elasticbeanstalk_environment_name",
      "provider": "provider[\"registry.terraform.io/hashicorp/aws\"]",
      "instances": [
        {
          "schema_version": 0,
          "attributes": {
            "id": "sg-0e163ba7aac633501,elasticbeanstalk:environment-name",
            "key": "elasticbeanstalk:environment-name",
            "resource_id": "sg-0e163ba7aac633501",
            "value": "capillary-web-ui-gateway-green"
          },
          "sensitive_attributes": []
        }
      ]
    },
    {
      "mode": "managed",
      "type": "aws_ec2_tag",
      "name": "sg_0e3e058433a4793a7_Name",
      "provider": "provider[\"registry.terraform.io/hashicorp/aws\"]",
      "instances": [
        {
          "schema_version": 0,
          "attributes": {
            "id": "sg-0e3e058433a4793a7,Name",
            "key": "Name",
            "resource_id": "sg-0e3e058433a4793a7",
            "value": "learner-web-ui-gateway-green"
          },
          "sensitive_attributes": []
        }
      ]
    },
    {
      "mode": "managed",
      "type": "aws_ec2_tag",
      "name": "sg_0e3e058433a4793a7_aws_cloudformation_logical_id",
      "provider": "provider[\"registry.terraform.io/hashicorp/aws\"]",
      "instances": [
        {
          "schema_version": 0,
          "attributes": {
            "id": "sg-0e3e058433a4793a7,aws:cloudformation:logical-id",
            "key": "aws:cloudformation:logical-id",
            "resource_id": "sg-0e3e058433a4793a7",
            "value": "AWSEBLoadBalancerSecurityGroup"
          },
          "sensitive_attributes": []
        }
      ]
    },
    {
      "mode": "managed",
      "type": "aws_ec2_tag",
      "name": "sg_0e3e058433a4793a7_aws_cloudformation_stack_id",
      "provider": "provider[\"registry.terraform.io/hashicorp/aws\"]",
      "instances": [
        {
          "schema_version": 0,
          "attributes": {
            "id": "sg-0e3e058433a4793a7,aws:cloudformation:stack-id",
            "key": "aws:cloudformation:stack-id",
            "resource_id": "sg-0e3e058433a4793a7",
            "value": "arn:aws-us-gov:cloudformation:us-gov-west-1:050779347855:stack/awseb-e-rwv222b3qp-stack/8ac75ef0-7fea-11ed-829e-025d4eaecce2"
          },
          "sensitive_attributes": []
        }
      ]
    },
    {
      "mode": "managed",
      "type": "aws_ec2_tag",
      "name": "sg_0e3e058433a4793a7_aws_cloudformation_stack_name",
      "provider": "provider[\"registry.terraform.io/hashicorp/aws\"]",
      "instances": [
        {
          "schema_version": 0,
          "attributes": {
            "id": "sg-0e3e058433a4793a7,aws:cloudformation:stack-name",
            "key": "aws:cloudformation:stack-name",
            "resource_id": "sg-0e3e058433a4793a7",
            "value": "awseb-e-rwv222b3qp-stack"
          },
          "sensitive_attributes": []
        }
      ]
    },
    {
      "mode": "managed",
      "type": "aws_ec2_tag",
      "name": "sg_0e3e058433a4793a7_elasticbeanstalk_environment_id",
      "provider": "provider[\"registry.terraform.io/hashicorp/aws\"]",
      "instances": [
        {
          "schema_version": 0,
          "attributes": {
            "id": "sg-0e3e058433a4793a7,elasticbeanstalk:environment-id",
            "key": "elasticbeanstalk:environment-id",
            "resource_id": "sg-0e3e058433a4793a7",
            "value": "e-rwv222b3qp"
          },
          "sensitive_attributes": []
        }
      ]
    },
    {
      "mode": "managed",
      "type": "aws_ec2_tag",
      "name": "sg_0e3e058433a4793a7_elasticbeanstalk_environment_name",
      "provider": "provider[\"registry.terraform.io/hashicorp/aws\"]",
      "instances": [
        {
          "schema_version": 0,
          "attributes": {
            "id": "sg-0e3e058433a4793a7,elasticbeanstalk:environment-name",
            "key": "elasticbeanstalk:environment-name",
            "resource_id": "sg-0e3e058433a4793a7",
            "value": "learner-web-ui-gateway-green"
          },
          "sensitive_attributes": []
        }
      ]
    },
    {
      "mode": "managed",
      "type": "aws_ec2_tag",
      "name": "sg_0f5539d3e349bae63_Name",
      "provider": "provider[\"registry.terraform.io/hashicorp/aws\"]",
      "instances": [
        {
          "schema_version": 0,
          "attributes": {
            "id": "sg-0f5539d3e349bae63,Name",
            "key": "Name",
            "resource_id": "sg-0f5539d3e349bae63",
            "value": "learner-web-ui-gateway-blue"
          },
          "sensitive_attributes": []
        }
      ]
    },
    {
      "mode": "managed",
      "type": "aws_ec2_tag",
      "name": "sg_0f5539d3e349bae63_aws_cloudformation_logical_id",
      "provider": "provider[\"registry.terraform.io/hashicorp/aws\"]",
      "instances": [
        {
          "schema_version": 0,
          "attributes": {
            "id": "sg-0f5539d3e349bae63,aws:cloudformation:logical-id",
            "key": "aws:cloudformation:logical-id",
            "resource_id": "sg-0f5539d3e349bae63",
            "value": "AWSEBSecurityGroup"
          },
          "sensitive_attributes": []
        }
      ]
    },
    {
      "mode": "managed",
      "type": "aws_ec2_tag",
      "name": "sg_0f5539d3e349bae63_aws_cloudformation_stack_id",
      "provider": "provider[\"registry.terraform.io/hashicorp/aws\"]",
      "instances": [
        {
          "schema_version": 0,
          "attributes": {
            "id": "sg-0f5539d3e349bae63,aws:cloudformation:stack-id",
            "key": "aws:cloudformation:stack-id",
            "resource_id": "sg-0f5539d3e349bae63",
            "value": "arn:aws-us-gov:cloudformation:us-gov-west-1:050779347855:stack/awseb-e-59p3bpnwec-stack/5f360e30-03b7-11ed-93c0-06b45c2dc5aa"
          },
          "sensitive_attributes": []
        }
      ]
    },
    {
      "mode": "managed",
      "type": "aws_ec2_tag",
      "name": "sg_0f5539d3e349bae63_aws_cloudformation_stack_name",
      "provider": "provider[\"registry.terraform.io/hashicorp/aws\"]",
      "instances": [
        {
          "schema_version": 0,
          "attributes": {
            "id": "sg-0f5539d3e349bae63,aws:cloudformation:stack-name",
            "key": "aws:cloudformation:stack-name",
            "resource_id": "sg-0f5539d3e349bae63",
            "value": "awseb-e-59p3bpnwec-stack"
          },
          "sensitive_attributes": []
        }
      ]
    },
    {
      "mode": "managed",
      "type": "aws_ec2_tag",
      "name": "sg_0f5539d3e349bae63_elasticbeanstalk_environment_id",
      "provider": "provider[\"registry.terraform.io/hashicorp/aws\"]",
      "instances": [
        {
          "schema_version": 0,
          "attributes": {
            "id": "sg-0f5539d3e349bae63,elasticbeanstalk:environment-id",
            "key": "elasticbeanstalk:environment-id",
            "resource_id": "sg-0f5539d3e349bae63",
            "value": "e-59p3bpnwec"
          },
          "sensitive_attributes": []
        }
      ]
    },
    {
      "mode": "managed",
      "type": "aws_ec2_tag",
      "name": "sg_0f5539d3e349bae63_elasticbeanstalk_environment_name",
      "provider": "provider[\"registry.terraform.io/hashicorp/aws\"]",
      "instances": [
        {
          "schema_version": 0,
          "attributes": {
            "id": "sg-0f5539d3e349bae63,elasticbeanstalk:environment-name",
            "key": "elasticbeanstalk:environment-name",
            "resource_id": "sg-0f5539d3e349bae63",
            "value": "learner-web-ui-gateway-blue"
          },
          "sensitive_attributes": []
        }
      ]
    },
    {
      "mode": "managed",
      "type": "aws_ec2_tag",
      "name": "subnet_00624cc56bc520484_Name",
      "provider": "provider[\"registry.terraform.io/hashicorp/aws\"]",
      "instances": [
        {
          "schema_version": 0,
          "attributes": {
            "id": "subnet-00624cc56bc520484,Name",
            "key": "Name",
            "resource_id": "subnet-00624cc56bc520484",
            "value": "ThirdParty-public-c"
          },
          "sensitive_attributes": []
        }
      ]
    },
    {
      "mode": "managed",
      "type": "aws_ec2_tag",
      "name": "subnet_00624cc56bc520484_aws_cloudformation_logical_id",
      "provider": "provider[\"registry.terraform.io/hashicorp/aws\"]",
      "instances": [
        {
          "schema_version": 0,
          "attributes": {
            "id": "subnet-00624cc56bc520484,aws:cloudformation:logical-id",
            "key": "aws:cloudformation:logical-id",
            "resource_id": "subnet-00624cc56bc520484",
            "value": "PublicSubnetC"
          },
          "sensitive_attributes": []
        }
      ]
    },
    {
      "mode": "managed",
      "type": "aws_ec2_tag",
      "name": "subnet_00624cc56bc520484_aws_cloudformation_stack_id",
      "provider": "provider[\"registry.terraform.io/hashicorp/aws\"]",
      "instances": [
        {
          "schema_version": 0,
          "attributes": {
            "id": "subnet-00624cc56bc520484,aws:cloudformation:stack-id",
            "key": "aws:cloudformation:stack-id",
            "resource_id": "subnet-00624cc56bc520484",
            "value": "arn:aws-us-gov:cloudformation:us-gov-west-1:050779347855:stack/ThirdPartyVPC/b9e1f1f0-d24d-11ec-864f-0afb90a38fc8"
          },
          "sensitive_attributes": []
        }
      ]
    },
    {
      "mode": "managed",
      "type": "aws_ec2_tag",
      "name": "subnet_00624cc56bc520484_aws_cloudformation_stack_name",
      "provider": "provider[\"registry.terraform.io/hashicorp/aws\"]",
      "instances": [
        {
          "schema_version": 0,
          "attributes": {
            "id": "subnet-00624cc56bc520484,aws:cloudformation:stack-name",
            "key": "aws:cloudformation:stack-name",
            "resource_id": "subnet-00624cc56bc520484",
            "value": "ThirdPartyVPC"
          },
          "sensitive_attributes": []
        }
      ]
    },
    {
      "mode": "managed",
      "type": "aws_ec2_tag",
      "name": "subnet_04e27b7af0a76d7ee_DeploymentEnvironment",
      "provider": "provider[\"registry.terraform.io/hashicorp/aws\"]",
      "instances": [
        {
          "schema_version": 0,
          "attributes": {
            "id": "subnet-04e27b7af0a76d7ee,DeploymentEnvironment",
            "key": "DeploymentEnvironment",
            "resource_id": "subnet-04e27b7af0a76d7ee",
            "value": "production"
          },
          "sensitive_attributes": []
        }
      ]
    },
    {
      "mode": "managed",
      "type": "aws_ec2_tag",
      "name": "subnet_04e27b7af0a76d7ee_Name",
      "provider": "provider[\"registry.terraform.io/hashicorp/aws\"]",
      "instances": [
        {
          "schema_version": 0,
          "attributes": {
            "id": "subnet-04e27b7af0a76d7ee,Name",
            "key": "Name",
            "resource_id": "subnet-04e27b7af0a76d7ee",
            "value": "production-private-a"
          },
          "sensitive_attributes": []
        }
      ]
    },
    {
      "mode": "managed",
      "type": "aws_ec2_tag",
      "name": "subnet_04e27b7af0a76d7ee_aws_cloudformation_logical_id",
      "provider": "provider[\"registry.terraform.io/hashicorp/aws\"]",
      "instances": [
        {
          "schema_version": 0,
          "attributes": {
            "id": "subnet-04e27b7af0a76d7ee,aws:cloudformation:logical-id",
            "key": "aws:cloudformation:logical-id",
            "resource_id": "subnet-04e27b7af0a76d7ee",
            "value": "PrivateSubnetA"
          },
          "sensitive_attributes": []
        }
      ]
    },
    {
      "mode": "managed",
      "type": "aws_ec2_tag",
      "name": "subnet_04e27b7af0a76d7ee_aws_cloudformation_stack_id",
      "provider": "provider[\"registry.terraform.io/hashicorp/aws\"]",
      "instances": [
        {
          "schema_version": 0,
          "attributes": {
            "id": "subnet-04e27b7af0a76d7ee,aws:cloudformation:stack-id",
            "key": "aws:cloudformation:stack-id",
            "resource_id": "subnet-04e27b7af0a76d7ee",
            "value": "arn:aws-us-gov:cloudformation:us-gov-west-1:050779347855:stack/ProductionVPC/e28075a0-d257-11ec-bd87-02113c9a3bae"
          },
          "sensitive_attributes": []
        }
      ]
    },
    {
      "mode": "managed",
      "type": "aws_ec2_tag",
      "name": "subnet_04e27b7af0a76d7ee_aws_cloudformation_stack_name",
      "provider": "provider[\"registry.terraform.io/hashicorp/aws\"]",
      "instances": [
        {
          "schema_version": 0,
          "attributes": {
            "id": "subnet-04e27b7af0a76d7ee,aws:cloudformation:stack-name",
            "key": "aws:cloudformation:stack-name",
            "resource_id": "subnet-04e27b7af0a76d7ee",
            "value": "ProductionVPC"
          },
          "sensitive_attributes": []
        }
      ]
    },
    {
      "mode": "managed",
      "type": "aws_ec2_tag",
      "name": "subnet_05203dc92b0823553_DeploymentEnvironment",
      "provider": "provider[\"registry.terraform.io/hashicorp/aws\"]",
      "instances": [
        {
          "schema_version": 0,
          "attributes": {
            "id": "subnet-05203dc92b0823553,DeploymentEnvironment",
            "key": "DeploymentEnvironment",
            "resource_id": "subnet-05203dc92b0823553",
            "value": "production"
          },
          "sensitive_attributes": []
        }
      ]
    },
    {
      "mode": "managed",
      "type": "aws_ec2_tag",
      "name": "subnet_05203dc92b0823553_Name",
      "provider": "provider[\"registry.terraform.io/hashicorp/aws\"]",
      "instances": [
        {
          "schema_version": 0,
          "attributes": {
            "id": "subnet-05203dc92b0823553,Name",
            "key": "Name",
            "resource_id": "subnet-05203dc92b0823553",
            "value": "production-private-b"
          },
          "sensitive_attributes": []
        }
      ]
    },
    {
      "mode": "managed",
      "type": "aws_ec2_tag",
      "name": "subnet_05203dc92b0823553_aws_cloudformation_logical_id",
      "provider": "provider[\"registry.terraform.io/hashicorp/aws\"]",
      "instances": [
        {
          "schema_version": 0,
          "attributes": {
            "id": "subnet-05203dc92b0823553,aws:cloudformation:logical-id",
            "key": "aws:cloudformation:logical-id",
            "resource_id": "subnet-05203dc92b0823553",
            "value": "PrivateSubnetB"
          },
          "sensitive_attributes": []
        }
      ]
    },
    {
      "mode": "managed",
      "type": "aws_ec2_tag",
      "name": "subnet_05203dc92b0823553_aws_cloudformation_stack_id",
      "provider": "provider[\"registry.terraform.io/hashicorp/aws\"]",
      "instances": [
        {
          "schema_version": 0,
          "attributes": {
            "id": "subnet-05203dc92b0823553,aws:cloudformation:stack-id",
            "key": "aws:cloudformation:stack-id",
            "resource_id": "subnet-05203dc92b0823553",
            "value": "arn:aws-us-gov:cloudformation:us-gov-west-1:050779347855:stack/ProductionVPC/e28075a0-d257-11ec-bd87-02113c9a3bae"
          },
          "sensitive_attributes": []
        }
      ]
    },
    {
      "mode": "managed",
      "type": "aws_ec2_tag",
      "name": "subnet_05203dc92b0823553_aws_cloudformation_stack_name",
      "provider": "provider[\"registry.terraform.io/hashicorp/aws\"]",
      "instances": [
        {
          "schema_version": 0,
          "attributes": {
            "id": "subnet-05203dc92b0823553,aws:cloudformation:stack-name",
            "key": "aws:cloudformation:stack-name",
            "resource_id": "subnet-05203dc92b0823553",
            "value": "ProductionVPC"
          },
          "sensitive_attributes": []
        }
      ]
    },
    {
      "mode": "managed",
      "type": "aws_ec2_tag",
      "name": "subnet_05abe9522c20e70aa_DeploymentEnvironment",
      "provider": "provider[\"registry.terraform.io/hashicorp/aws\"]",
      "instances": [
        {
          "schema_version": 0,
          "attributes": {
            "id": "subnet-05abe9522c20e70aa,DeploymentEnvironment",
            "key": "DeploymentEnvironment",
            "resource_id": "subnet-05abe9522c20e70aa",
            "value": "DeveloperTools"
          },
          "sensitive_attributes": []
        }
      ]
    },
    {
      "mode": "managed",
      "type": "aws_ec2_tag",
      "name": "subnet_05abe9522c20e70aa_Name",
      "provider": "provider[\"registry.terraform.io/hashicorp/aws\"]",
      "instances": [
        {
          "schema_version": 0,
          "attributes": {
            "id": "subnet-05abe9522c20e70aa,Name",
            "key": "Name",
            "resource_id": "subnet-05abe9522c20e70aa",
            "value": "DeveloperTools-public-b"
          },
          "sensitive_attributes": []
        }
      ]
    },
    {
      "mode": "managed",
      "type": "aws_ec2_tag",
      "name": "subnet_05abe9522c20e70aa_aws_cloudformation_logical_id",
      "provider": "provider[\"registry.terraform.io/hashicorp/aws\"]",
      "instances": [
        {
          "schema_version": 0,
          "attributes": {
            "id": "subnet-05abe9522c20e70aa,aws:cloudformation:logical-id",
            "key": "aws:cloudformation:logical-id",
            "resource_id": "subnet-05abe9522c20e70aa",
            "value": "PublicSubnetB"
          },
          "sensitive_attributes": []
        }
      ]
    },
    {
      "mode": "managed",
      "type": "aws_ec2_tag",
      "name": "subnet_05abe9522c20e70aa_aws_cloudformation_stack_id",
      "provider": "provider[\"registry.terraform.io/hashicorp/aws\"]",
      "instances": [
        {
          "schema_version": 0,
          "attributes": {
            "id": "subnet-05abe9522c20e70aa,aws:cloudformation:stack-id",
            "key": "aws:cloudformation:stack-id",
            "resource_id": "subnet-05abe9522c20e70aa",
            "value": "arn:aws-us-gov:cloudformation:us-gov-west-1:050779347855:stack/DeveloperToolsVpc/5850dfe0-d24e-11ec-8ca3-0202430dbe4e"
          },
          "sensitive_attributes": []
        }
      ]
    },
    {
      "mode": "managed",
      "type": "aws_ec2_tag",
      "name": "subnet_05abe9522c20e70aa_aws_cloudformation_stack_name",
      "provider": "provider[\"registry.terraform.io/hashicorp/aws\"]",
      "instances": [
        {
          "schema_version": 0,
          "attributes": {
            "id": "subnet-05abe9522c20e70aa,aws:cloudformation:stack-name",
            "key": "aws:cloudformation:stack-name",
            "resource_id": "subnet-05abe9522c20e70aa",
            "value": "DeveloperToolsVpc"
          },
          "sensitive_attributes": []
        }
      ]
    },
    {
      "mode": "managed",
      "type": "aws_ec2_tag",
      "name": "subnet_0680aa96bc65f072d_DeploymentEnvironment",
      "provider": "provider[\"registry.terraform.io/hashicorp/aws\"]",
      "instances": [
        {
          "schema_version": 0,
          "attributes": {
            "id": "subnet-0680aa96bc65f072d,DeploymentEnvironment",
            "key": "DeploymentEnvironment",
            "resource_id": "subnet-0680aa96bc65f072d",
            "value": "production"
          },
          "sensitive_attributes": []
        }
      ]
    },
    {
      "mode": "managed",
      "type": "aws_ec2_tag",
      "name": "subnet_0680aa96bc65f072d_Name",
      "provider": "provider[\"registry.terraform.io/hashicorp/aws\"]",
      "instances": [
        {
          "schema_version": 0,
          "attributes": {
            "id": "subnet-0680aa96bc65f072d,Name",
            "key": "Name",
            "resource_id": "subnet-0680aa96bc65f072d",
            "value": "production-public-a"
          },
          "sensitive_attributes": []
        }
      ]
    },
    {
      "mode": "managed",
      "type": "aws_ec2_tag",
      "name": "subnet_0680aa96bc65f072d_aws_cloudformation_logical_id",
      "provider": "provider[\"registry.terraform.io/hashicorp/aws\"]",
      "instances": [
        {
          "schema_version": 0,
          "attributes": {
            "id": "subnet-0680aa96bc65f072d,aws:cloudformation:logical-id",
            "key": "aws:cloudformation:logical-id",
            "resource_id": "subnet-0680aa96bc65f072d",
            "value": "PublicSubnetA"
          },
          "sensitive_attributes": []
        }
      ]
    },
    {
      "mode": "managed",
      "type": "aws_ec2_tag",
      "name": "subnet_0680aa96bc65f072d_aws_cloudformation_stack_id",
      "provider": "provider[\"registry.terraform.io/hashicorp/aws\"]",
      "instances": [
        {
          "schema_version": 0,
          "attributes": {
            "id": "subnet-0680aa96bc65f072d,aws:cloudformation:stack-id",
            "key": "aws:cloudformation:stack-id",
            "resource_id": "subnet-0680aa96bc65f072d",
            "value": "arn:aws-us-gov:cloudformation:us-gov-west-1:050779347855:stack/ProductionVPC/e28075a0-d257-11ec-bd87-02113c9a3bae"
          },
          "sensitive_attributes": []
        }
      ]
    },
    {
      "mode": "managed",
      "type": "aws_ec2_tag",
      "name": "subnet_0680aa96bc65f072d_aws_cloudformation_stack_name",
      "provider": "provider[\"registry.terraform.io/hashicorp/aws\"]",
      "instances": [
        {
          "schema_version": 0,
          "attributes": {
            "id": "subnet-0680aa96bc65f072d,aws:cloudformation:stack-name",
            "key": "aws:cloudformation:stack-name",
            "resource_id": "subnet-0680aa96bc65f072d",
            "value": "ProductionVPC"
          },
          "sensitive_attributes": []
        }
      ]
    },
    {
      "mode": "managed",
      "type": "aws_ec2_tag",
      "name": "subnet_07402e5b661b23bec_DeploymentEnvironment",
      "provider": "provider[\"registry.terraform.io/hashicorp/aws\"]",
      "instances": [
        {
          "schema_version": 0,
          "attributes": {
            "id": "subnet-07402e5b661b23bec,DeploymentEnvironment",
            "key": "DeploymentEnvironment",
            "resource_id": "subnet-07402e5b661b23bec",
            "value": "production"
          },
          "sensitive_attributes": []
        }
      ]
    },
    {
      "mode": "managed",
      "type": "aws_ec2_tag",
      "name": "subnet_07402e5b661b23bec_Name",
      "provider": "provider[\"registry.terraform.io/hashicorp/aws\"]",
      "instances": [
        {
          "schema_version": 0,
          "attributes": {
            "id": "subnet-07402e5b661b23bec,Name",
            "key": "Name",
            "resource_id": "subnet-07402e5b661b23bec",
            "value": "production-public-b"
          },
          "sensitive_attributes": []
        }
      ]
    },
    {
      "mode": "managed",
      "type": "aws_ec2_tag",
      "name": "subnet_07402e5b661b23bec_aws_cloudformation_logical_id",
      "provider": "provider[\"registry.terraform.io/hashicorp/aws\"]",
      "instances": [
        {
          "schema_version": 0,
          "attributes": {
            "id": "subnet-07402e5b661b23bec,aws:cloudformation:logical-id",
            "key": "aws:cloudformation:logical-id",
            "resource_id": "subnet-07402e5b661b23bec",
            "value": "PublicSubnetB"
          },
          "sensitive_attributes": []
        }
      ]
    },
    {
      "mode": "managed",
      "type": "aws_ec2_tag",
      "name": "subnet_07402e5b661b23bec_aws_cloudformation_stack_id",
      "provider": "provider[\"registry.terraform.io/hashicorp/aws\"]",
      "instances": [
        {
          "schema_version": 0,
          "attributes": {
            "id": "subnet-07402e5b661b23bec,aws:cloudformation:stack-id",
            "key": "aws:cloudformation:stack-id",
            "resource_id": "subnet-07402e5b661b23bec",
            "value": "arn:aws-us-gov:cloudformation:us-gov-west-1:050779347855:stack/ProductionVPC/e28075a0-d257-11ec-bd87-02113c9a3bae"
          },
          "sensitive_attributes": []
        }
      ]
    },
    {
      "mode": "managed",
      "type": "aws_ec2_tag",
      "name": "subnet_07402e5b661b23bec_aws_cloudformation_stack_name",
      "provider": "provider[\"registry.terraform.io/hashicorp/aws\"]",
      "instances": [
        {
          "schema_version": 0,
          "attributes": {
            "id": "subnet-07402e5b661b23bec,aws:cloudformation:stack-name",
            "key": "aws:cloudformation:stack-name",
            "resource_id": "subnet-07402e5b661b23bec",
            "value": "ProductionVPC"
          },
          "sensitive_attributes": []
        }
      ]
    },
    {
      "mode": "managed",
      "type": "aws_ec2_tag",
      "name": "subnet_076f8b852c6b60060_DeploymentEnvironment",
      "provider": "provider[\"registry.terraform.io/hashicorp/aws\"]",
      "instances": [
        {
          "schema_version": 0,
          "attributes": {
            "id": "subnet-076f8b852c6b60060,DeploymentEnvironment",
            "key": "DeploymentEnvironment",
            "resource_id": "subnet-076f8b852c6b60060",
            "value": "production"
          },
          "sensitive_attributes": []
        }
      ]
    },
    {
      "mode": "managed",
      "type": "aws_ec2_tag",
      "name": "subnet_076f8b852c6b60060_Name",
      "provider": "provider[\"registry.terraform.io/hashicorp/aws\"]",
      "instances": [
        {
          "schema_version": 0,
          "attributes": {
            "id": "subnet-076f8b852c6b60060,Name",
            "key": "Name",
            "resource_id": "subnet-076f8b852c6b60060",
            "value": "production-public-c"
          },
          "sensitive_attributes": []
        }
      ]
    },
    {
      "mode": "managed",
      "type": "aws_ec2_tag",
      "name": "subnet_076f8b852c6b60060_aws_cloudformation_logical_id",
      "provider": "provider[\"registry.terraform.io/hashicorp/aws\"]",
      "instances": [
        {
          "schema_version": 0,
          "attributes": {
            "id": "subnet-076f8b852c6b60060,aws:cloudformation:logical-id",
            "key": "aws:cloudformation:logical-id",
            "resource_id": "subnet-076f8b852c6b60060",
            "value": "PublicSubnetC"
          },
          "sensitive_attributes": []
        }
      ]
    },
    {
      "mode": "managed",
      "type": "aws_ec2_tag",
      "name": "subnet_076f8b852c6b60060_aws_cloudformation_stack_id",
      "provider": "provider[\"registry.terraform.io/hashicorp/aws\"]",
      "instances": [
        {
          "schema_version": 0,
          "attributes": {
            "id": "subnet-076f8b852c6b60060,aws:cloudformation:stack-id",
            "key": "aws:cloudformation:stack-id",
            "resource_id": "subnet-076f8b852c6b60060",
            "value": "arn:aws-us-gov:cloudformation:us-gov-west-1:050779347855:stack/ProductionVPC/e28075a0-d257-11ec-bd87-02113c9a3bae"
          },
          "sensitive_attributes": []
        }
      ]
    },
    {
      "mode": "managed",
      "type": "aws_ec2_tag",
      "name": "subnet_076f8b852c6b60060_aws_cloudformation_stack_name",
      "provider": "provider[\"registry.terraform.io/hashicorp/aws\"]",
      "instances": [
        {
          "schema_version": 0,
          "attributes": {
            "id": "subnet-076f8b852c6b60060,aws:cloudformation:stack-name",
            "key": "aws:cloudformation:stack-name",
            "resource_id": "subnet-076f8b852c6b60060",
            "value": "ProductionVPC"
          },
          "sensitive_attributes": []
        }
      ]
    },
    {
      "mode": "managed",
      "type": "aws_ec2_tag",
      "name": "subnet_08f964badcff95e70_Name",
      "provider": "provider[\"registry.terraform.io/hashicorp/aws\"]",
      "instances": [
        {
          "schema_version": 0,
          "attributes": {
            "id": "subnet-08f964badcff95e70,Name",
            "key": "Name",
            "resource_id": "subnet-08f964badcff95e70",
            "value": "ThirdParty-public-a"
          },
          "sensitive_attributes": []
        }
      ]
    },
    {
      "mode": "managed",
      "type": "aws_ec2_tag",
      "name": "subnet_08f964badcff95e70_aws_cloudformation_logical_id",
      "provider": "provider[\"registry.terraform.io/hashicorp/aws\"]",
      "instances": [
        {
          "schema_version": 0,
          "attributes": {
            "id": "subnet-08f964badcff95e70,aws:cloudformation:logical-id",
            "key": "aws:cloudformation:logical-id",
            "resource_id": "subnet-08f964badcff95e70",
            "value": "PublicSubnetA"
          },
          "sensitive_attributes": []
        }
      ]
    },
    {
      "mode": "managed",
      "type": "aws_ec2_tag",
      "name": "subnet_08f964badcff95e70_aws_cloudformation_stack_id",
      "provider": "provider[\"registry.terraform.io/hashicorp/aws\"]",
      "instances": [
        {
          "schema_version": 0,
          "attributes": {
            "id": "subnet-08f964badcff95e70,aws:cloudformation:stack-id",
            "key": "aws:cloudformation:stack-id",
            "resource_id": "subnet-08f964badcff95e70",
            "value": "arn:aws-us-gov:cloudformation:us-gov-west-1:050779347855:stack/ThirdPartyVPC/b9e1f1f0-d24d-11ec-864f-0afb90a38fc8"
          },
          "sensitive_attributes": []
        }
      ]
    },
    {
      "mode": "managed",
      "type": "aws_ec2_tag",
      "name": "subnet_08f964badcff95e70_aws_cloudformation_stack_name",
      "provider": "provider[\"registry.terraform.io/hashicorp/aws\"]",
      "instances": [
        {
          "schema_version": 0,
          "attributes": {
            "id": "subnet-08f964badcff95e70,aws:cloudformation:stack-name",
            "key": "aws:cloudformation:stack-name",
            "resource_id": "subnet-08f964badcff95e70",
            "value": "ThirdPartyVPC"
          },
          "sensitive_attributes": []
        }
      ]
    },
    {
      "mode": "managed",
      "type": "aws_ec2_tag",
      "name": "subnet_096303542f2113a20_DeploymentEnvironment",
      "provider": "provider[\"registry.terraform.io/hashicorp/aws\"]",
      "instances": [
        {
          "schema_version": 0,
          "attributes": {
            "id": "subnet-096303542f2113a20,DeploymentEnvironment",
            "key": "DeploymentEnvironment",
            "resource_id": "subnet-096303542f2113a20",
            "value": "production"
          },
          "sensitive_attributes": []
        }
      ]
    },
    {
      "mode": "managed",
      "type": "aws_ec2_tag",
      "name": "subnet_096303542f2113a20_Name",
      "provider": "provider[\"registry.terraform.io/hashicorp/aws\"]",
      "instances": [
        {
          "schema_version": 0,
          "attributes": {
            "id": "subnet-096303542f2113a20,Name",
            "key": "Name",
            "resource_id": "subnet-096303542f2113a20",
            "value": "production-private-c"
          },
          "sensitive_attributes": []
        }
      ]
    },
    {
      "mode": "managed",
      "type": "aws_ec2_tag",
      "name": "subnet_096303542f2113a20_aws_cloudformation_logical_id",
      "provider": "provider[\"registry.terraform.io/hashicorp/aws\"]",
      "instances": [
        {
          "schema_version": 0,
          "attributes": {
            "id": "subnet-096303542f2113a20,aws:cloudformation:logical-id",
            "key": "aws:cloudformation:logical-id",
            "resource_id": "subnet-096303542f2113a20",
            "value": "PrivateSubnetC"
          },
          "sensitive_attributes": []
        }
      ]
    },
    {
      "mode": "managed",
      "type": "aws_ec2_tag",
      "name": "subnet_096303542f2113a20_aws_cloudformation_stack_id",
      "provider": "provider[\"registry.terraform.io/hashicorp/aws\"]",
      "instances": [
        {
          "schema_version": 0,
          "attributes": {
            "id": "subnet-096303542f2113a20,aws:cloudformation:stack-id",
            "key": "aws:cloudformation:stack-id",
            "resource_id": "subnet-096303542f2113a20",
            "value": "arn:aws-us-gov:cloudformation:us-gov-west-1:050779347855:stack/ProductionVPC/e28075a0-d257-11ec-bd87-02113c9a3bae"
          },
          "sensitive_attributes": []
        }
      ]
    },
    {
      "mode": "managed",
      "type": "aws_ec2_tag",
      "name": "subnet_096303542f2113a20_aws_cloudformation_stack_name",
      "provider": "provider[\"registry.terraform.io/hashicorp/aws\"]",
      "instances": [
        {
          "schema_version": 0,
          "attributes": {
            "id": "subnet-096303542f2113a20,aws:cloudformation:stack-name",
            "key": "aws:cloudformation:stack-name",
            "resource_id": "subnet-096303542f2113a20",
            "value": "ProductionVPC"
          },
          "sensitive_attributes": []
        }
      ]
    },
    {
      "mode": "managed",
      "type": "aws_ec2_tag",
      "name": "subnet_0a92863259a3cd002_Name",
      "provider": "provider[\"registry.terraform.io/hashicorp/aws\"]",
      "instances": [
        {
          "schema_version": 0,
          "attributes": {
            "id": "subnet-0a92863259a3cd002,Name",
            "key": "Name",
            "resource_id": "subnet-0a92863259a3cd002",
            "value": "ThirdParty-public-b"
          },
          "sensitive_attributes": []
        }
      ]
    },
    {
      "mode": "managed",
      "type": "aws_ec2_tag",
      "name": "subnet_0a92863259a3cd002_aws_cloudformation_logical_id",
      "provider": "provider[\"registry.terraform.io/hashicorp/aws\"]",
      "instances": [
        {
          "schema_version": 0,
          "attributes": {
            "id": "subnet-0a92863259a3cd002,aws:cloudformation:logical-id",
            "key": "aws:cloudformation:logical-id",
            "resource_id": "subnet-0a92863259a3cd002",
            "value": "PublicSubnetB"
          },
          "sensitive_attributes": []
        }
      ]
    },
    {
      "mode": "managed",
      "type": "aws_ec2_tag",
      "name": "subnet_0a92863259a3cd002_aws_cloudformation_stack_id",
      "provider": "provider[\"registry.terraform.io/hashicorp/aws\"]",
      "instances": [
        {
          "schema_version": 0,
          "attributes": {
            "id": "subnet-0a92863259a3cd002,aws:cloudformation:stack-id",
            "key": "aws:cloudformation:stack-id",
            "resource_id": "subnet-0a92863259a3cd002",
            "value": "arn:aws-us-gov:cloudformation:us-gov-west-1:050779347855:stack/ThirdPartyVPC/b9e1f1f0-d24d-11ec-864f-0afb90a38fc8"
          },
          "sensitive_attributes": []
        }
      ]
    },
    {
      "mode": "managed",
      "type": "aws_ec2_tag",
      "name": "subnet_0a92863259a3cd002_aws_cloudformation_stack_name",
      "provider": "provider[\"registry.terraform.io/hashicorp/aws\"]",
      "instances": [
        {
          "schema_version": 0,
          "attributes": {
            "id": "subnet-0a92863259a3cd002,aws:cloudformation:stack-name",
            "key": "aws:cloudformation:stack-name",
            "resource_id": "subnet-0a92863259a3cd002",
            "value": "ThirdPartyVPC"
          },
          "sensitive_attributes": []
        }
      ]
    },
    {
      "mode": "managed",
      "type": "aws_ec2_tag",
      "name": "subnet_0d9fc337565eaccd1_DeploymentEnvironment",
      "provider": "provider[\"registry.terraform.io/hashicorp/aws\"]",
      "instances": [
        {
          "schema_version": 0,
          "attributes": {
            "id": "subnet-0d9fc337565eaccd1,DeploymentEnvironment",
            "key": "DeploymentEnvironment",
            "resource_id": "subnet-0d9fc337565eaccd1",
            "value": "DeveloperTools"
          },
          "sensitive_attributes": []
        }
      ]
    },
    {
      "mode": "managed",
      "type": "aws_ec2_tag",
      "name": "subnet_0d9fc337565eaccd1_Name",
      "provider": "provider[\"registry.terraform.io/hashicorp/aws\"]",
      "instances": [
        {
          "schema_version": 0,
          "attributes": {
            "id": "subnet-0d9fc337565eaccd1,Name",
            "key": "Name",
            "resource_id": "subnet-0d9fc337565eaccd1",
            "value": "DeveloperTools-public-c"
          },
          "sensitive_attributes": []
        }
      ]
    },
    {
      "mode": "managed",
      "type": "aws_ec2_tag",
      "name": "subnet_0d9fc337565eaccd1_aws_cloudformation_logical_id",
      "provider": "provider[\"registry.terraform.io/hashicorp/aws\"]",
      "instances": [
        {
          "schema_version": 0,
          "attributes": {
            "id": "subnet-0d9fc337565eaccd1,aws:cloudformation:logical-id",
            "key": "aws:cloudformation:logical-id",
            "resource_id": "subnet-0d9fc337565eaccd1",
            "value": "PublicSubnetC"
          },
          "sensitive_attributes": []
        }
      ]
    },
    {
      "mode": "managed",
      "type": "aws_ec2_tag",
      "name": "subnet_0d9fc337565eaccd1_aws_cloudformation_stack_id",
      "provider": "provider[\"registry.terraform.io/hashicorp/aws\"]",
      "instances": [
        {
          "schema_version": 0,
          "attributes": {
            "id": "subnet-0d9fc337565eaccd1,aws:cloudformation:stack-id",
            "key": "aws:cloudformation:stack-id",
            "resource_id": "subnet-0d9fc337565eaccd1",
            "value": "arn:aws-us-gov:cloudformation:us-gov-west-1:050779347855:stack/DeveloperToolsVpc/5850dfe0-d24e-11ec-8ca3-0202430dbe4e"
          },
          "sensitive_attributes": []
        }
      ]
    },
    {
      "mode": "managed",
      "type": "aws_ec2_tag",
      "name": "subnet_0d9fc337565eaccd1_aws_cloudformation_stack_name",
      "provider": "provider[\"registry.terraform.io/hashicorp/aws\"]",
      "instances": [
        {
          "schema_version": 0,
          "attributes": {
            "id": "subnet-0d9fc337565eaccd1,aws:cloudformation:stack-name",
            "key": "aws:cloudformation:stack-name",
            "resource_id": "subnet-0d9fc337565eaccd1",
            "value": "DeveloperToolsVpc"
          },
          "sensitive_attributes": []
        }
      ]
    },
    {
      "mode": "managed",
      "type": "aws_ec2_tag",
      "name": "vol_05861db3d05015f9a_Name",
      "provider": "provider[\"registry.terraform.io/hashicorp/aws\"]",
      "instances": [
        {
          "schema_version": 0,
          "attributes": {
            "id": "vol-05861db3d05015f9a,Name",
            "key": "Name",
            "resource_id": "vol-05861db3d05015f9a",
            "value": "production-BastionServer"
          },
          "sensitive_attributes": []
        }
      ]
    },
    {
      "mode": "managed",
      "type": "aws_ec2_tag",
      "name": "vol_08f519eb04828ec12_Name",
      "provider": "provider[\"registry.terraform.io/hashicorp/aws\"]",
      "instances": [
        {
          "schema_version": 0,
          "attributes": {
            "id": "vol-08f519eb04828ec12,Name",
            "key": "Name",
            "resource_id": "vol-08f519eb04828ec12",
            "value": "core-rds-proxy"
          },
          "sensitive_attributes": []
        }
      ]
    },
    {
      "mode": "managed",
      "type": "aws_ec2_tag",
      "name": "vpc_062a9bb71430eda86_Name",
      "provider": "provider[\"registry.terraform.io/hashicorp/aws\"]",
      "instances": [
        {
          "schema_version": 0,
          "attributes": {
            "id": "vpc-062a9bb71430eda86,Name",
            "key": "Name",
            "resource_id": "vpc-062a9bb71430eda86",
            "value": "ThirdParty"
          },
          "sensitive_attributes": []
        }
      ]
    },
    {
      "mode": "managed",
      "type": "aws_ec2_tag",
      "name": "vpc_062a9bb71430eda86_aws_cloudformation_logical_id",
      "provider": "provider[\"registry.terraform.io/hashicorp/aws\"]",
      "instances": [
        {
          "schema_version": 0,
          "attributes": {
            "id": "vpc-062a9bb71430eda86,aws:cloudformation:logical-id",
            "key": "aws:cloudformation:logical-id",
            "resource_id": "vpc-062a9bb71430eda86",
            "value": "VPC"
          },
          "sensitive_attributes": []
        }
      ]
    },
    {
      "mode": "managed",
      "type": "aws_ec2_tag",
      "name": "vpc_062a9bb71430eda86_aws_cloudformation_stack_id",
      "provider": "provider[\"registry.terraform.io/hashicorp/aws\"]",
      "instances": [
        {
          "schema_version": 0,
          "attributes": {
            "id": "vpc-062a9bb71430eda86,aws:cloudformation:stack-id",
            "key": "aws:cloudformation:stack-id",
            "resource_id": "vpc-062a9bb71430eda86",
            "value": "arn:aws-us-gov:cloudformation:us-gov-west-1:050779347855:stack/ThirdPartyVPC/b9e1f1f0-d24d-11ec-864f-0afb90a38fc8"
          },
          "sensitive_attributes": []
        }
      ]
    },
    {
      "mode": "managed",
      "type": "aws_ec2_tag",
      "name": "vpc_062a9bb71430eda86_aws_cloudformation_stack_name",
      "provider": "provider[\"registry.terraform.io/hashicorp/aws\"]",
      "instances": [
        {
          "schema_version": 0,
          "attributes": {
            "id": "vpc-062a9bb71430eda86,aws:cloudformation:stack-name",
            "key": "aws:cloudformation:stack-name",
            "resource_id": "vpc-062a9bb71430eda86",
            "value": "ThirdPartyVPC"
          },
          "sensitive_attributes": []
        }
      ]
    },
    {
      "mode": "managed",
      "type": "aws_ec2_tag",
      "name": "vpc_0bd9acb7990b4154d_DeploymentEnvironment",
      "provider": "provider[\"registry.terraform.io/hashicorp/aws\"]",
      "instances": [
        {
          "schema_version": 0,
          "attributes": {
            "id": "vpc-0bd9acb7990b4154d,DeploymentEnvironment",
            "key": "DeploymentEnvironment",
            "resource_id": "vpc-0bd9acb7990b4154d",
            "value": "production"
          },
          "sensitive_attributes": []
        }
      ]
    },
    {
      "mode": "managed",
      "type": "aws_ec2_tag",
      "name": "vpc_0bd9acb7990b4154d_Name",
      "provider": "provider[\"registry.terraform.io/hashicorp/aws\"]",
      "instances": [
        {
          "schema_version": 0,
          "attributes": {
            "id": "vpc-0bd9acb7990b4154d,Name",
            "key": "Name",
            "resource_id": "vpc-0bd9acb7990b4154d",
            "value": "production"
          },
          "sensitive_attributes": []
        }
      ]
    },
    {
      "mode": "managed",
      "type": "aws_ec2_tag",
      "name": "vpc_0bd9acb7990b4154d_aws_cloudformation_logical_id",
      "provider": "provider[\"registry.terraform.io/hashicorp/aws\"]",
      "instances": [
        {
          "schema_version": 0,
          "attributes": {
            "id": "vpc-0bd9acb7990b4154d,aws:cloudformation:logical-id",
            "key": "aws:cloudformation:logical-id",
            "resource_id": "vpc-0bd9acb7990b4154d",
            "value": "VPC"
          },
          "sensitive_attributes": []
        }
      ]
    },
    {
      "mode": "managed",
      "type": "aws_ec2_tag",
      "name": "vpc_0bd9acb7990b4154d_aws_cloudformation_stack_id",
      "provider": "provider[\"registry.terraform.io/hashicorp/aws\"]",
      "instances": [
        {
          "schema_version": 0,
          "attributes": {
            "id": "vpc-0bd9acb7990b4154d,aws:cloudformation:stack-id",
            "key": "aws:cloudformation:stack-id",
            "resource_id": "vpc-0bd9acb7990b4154d",
            "value": "arn:aws-us-gov:cloudformation:us-gov-west-1:050779347855:stack/ProductionVPC/e28075a0-d257-11ec-bd87-02113c9a3bae"
          },
          "sensitive_attributes": []
        }
      ]
    },
    {
      "mode": "managed",
      "type": "aws_ec2_tag",
      "name": "vpc_0bd9acb7990b4154d_aws_cloudformation_stack_name",
      "provider": "provider[\"registry.terraform.io/hashicorp/aws\"]",
      "instances": [
        {
          "schema_version": 0,
          "attributes": {
            "id": "vpc-0bd9acb7990b4154d,aws:cloudformation:stack-name",
            "key": "aws:cloudformation:stack-name",
            "resource_id": "vpc-0bd9acb7990b4154d",
            "value": "ProductionVPC"
          },
          "sensitive_attributes": []
        }
      ]
    },
    {
      "mode": "managed",
      "type": "aws_ec2_tag",
      "name": "vpc_0c883d416072b2572_DeploymentEnvironment",
      "provider": "provider[\"registry.terraform.io/hashicorp/aws\"]",
      "instances": [
        {
          "schema_version": 0,
          "attributes": {
            "id": "vpc-0c883d416072b2572,DeploymentEnvironment",
            "key": "DeploymentEnvironment",
            "resource_id": "vpc-0c883d416072b2572",
            "value": "DeveloperTools"
          },
          "sensitive_attributes": []
        }
      ]
    },
    {
      "mode": "managed",
      "type": "aws_ec2_tag",
      "name": "vpc_0c883d416072b2572_Name",
      "provider": "provider[\"registry.terraform.io/hashicorp/aws\"]",
      "instances": [
        {
          "schema_version": 0,
          "attributes": {
            "id": "vpc-0c883d416072b2572,Name",
            "key": "Name",
            "resource_id": "vpc-0c883d416072b2572",
            "value": "DeveloperTools"
          },
          "sensitive_attributes": []
        }
      ]
    },
    {
      "mode": "managed",
      "type": "aws_ec2_tag",
      "name": "vpc_0c883d416072b2572_aws_cloudformation_logical_id",
      "provider": "provider[\"registry.terraform.io/hashicorp/aws\"]",
      "instances": [
        {
          "schema_version": 0,
          "attributes": {
            "id": "vpc-0c883d416072b2572,aws:cloudformation:logical-id",
            "key": "aws:cloudformation:logical-id",
            "resource_id": "vpc-0c883d416072b2572",
            "value": "VPC"
          },
          "sensitive_attributes": []
        }
      ]
    },
    {
      "mode": "managed",
      "type": "aws_ec2_tag",
      "name": "vpc_0c883d416072b2572_aws_cloudformation_stack_id",
      "provider": "provider[\"registry.terraform.io/hashicorp/aws\"]",
      "instances": [
        {
          "schema_version": 0,
          "attributes": {
            "id": "vpc-0c883d416072b2572,aws:cloudformation:stack-id",
            "key": "aws:cloudformation:stack-id",
            "resource_id": "vpc-0c883d416072b2572",
            "value": "arn:aws-us-gov:cloudformation:us-gov-west-1:050779347855:stack/DeveloperToolsVpc/5850dfe0-d24e-11ec-8ca3-0202430dbe4e"
          },
          "sensitive_attributes": []
        }
      ]
    },
    {
      "mode": "managed",
      "type": "aws_ec2_tag",
      "name": "vpc_0c883d416072b2572_aws_cloudformation_stack_name",
      "provider": "provider[\"registry.terraform.io/hashicorp/aws\"]",
      "instances": [
        {
          "schema_version": 0,
          "attributes": {
            "id": "vpc-0c883d416072b2572,aws:cloudformation:stack-name",
            "key": "aws:cloudformation:stack-name",
            "resource_id": "vpc-0c883d416072b2572",
            "value": "DeveloperToolsVpc"
          },
          "sensitive_attributes": []
        }
      ]
    },
    {
      "mode": "managed",
      "type": "aws_eip",
      "name": "eipalloc_06f59b0695ed32e75",
      "provider": "provider[\"registry.terraform.io/hashicorp/aws\"]",
      "instances": [
        {
          "schema_version": 0,
          "attributes": {
            "address": null,
            "allocation_id": "eipalloc-06f59b0695ed32e75",
            "associate_with_private_ip": null,
            "association_id": "eipassoc-020ccae25ecb5002e",
            "carrier_ip": "",
            "customer_owned_ip": "",
            "customer_owned_ipv4_pool": "",
            "domain": "vpc",
            "id": "eipalloc-06f59b0695ed32e75",
            "instance": "",
            "network_border_group": "us-gov-west-1",
            "network_interface": "eni-09685d9f264b9b1d1",
            "private_dns": "ip-10-21-130-178.us-gov-west-1.compute.internal",
            "private_ip": "10.21.130.178",
            "public_dns": "ec2-15-205-109-48.us-gov-west-1.compute.amazonaws.com",
            "public_ip": "15.205.109.48",
            "public_ipv4_pool": "amazon",
            "tags": {
              "Name": "Production"
            },
            "tags_all": {
              "Name": "Production"
            },
            "timeouts": null,
            "vpc": true
          },
          "sensitive_attributes": []
        }
      ]
    },
    {
      "mode": "managed",
      "type": "aws_eip",
      "name": "eipalloc_09ccddf6c47a6ae4a",
      "provider": "provider[\"registry.terraform.io/hashicorp/aws\"]",
      "instances": [
        {
          "schema_version": 0,
          "attributes": {
            "address": null,
            "allocation_id": "eipalloc-09ccddf6c47a6ae4a",
            "associate_with_private_ip": null,
            "association_id": "eipassoc-00ee35b4077e0cd1d",
            "carrier_ip": "",
            "customer_owned_ip": "",
            "customer_owned_ipv4_pool": "",
            "domain": "vpc",
            "id": "eipalloc-09ccddf6c47a6ae4a",
            "instance": "",
            "network_border_group": "us-gov-west-1",
            "network_interface": "eni-0c2cb6f8cf90d2de1",
            "private_dns": "ip-10-21-165-210.us-gov-west-1.compute.internal",
            "private_ip": "10.21.165.210",
            "public_dns": "ec2-3-32-199-135.us-gov-west-1.compute.amazonaws.com",
            "public_ip": "3.32.199.135",
            "public_ipv4_pool": "amazon",
            "tags": {
              "Name": "Production"
            },
            "tags_all": {
              "Name": "Production"
            },
            "timeouts": null,
            "vpc": true
          },
          "sensitive_attributes": []
        }
      ]
    },
    {
      "mode": "managed",
      "type": "aws_eip",
      "name": "eipalloc_0c9b5e5bd9c1d6c09",
      "provider": "provider[\"registry.terraform.io/hashicorp/aws\"]",
      "instances": [
        {
          "schema_version": 0,
          "attributes": {
            "address": null,
            "allocation_id": "eipalloc-0c9b5e5bd9c1d6c09",
            "associate_with_private_ip": null,
            "association_id": "eipassoc-0cb96dd88da8fa224",
            "carrier_ip": "",
            "customer_owned_ip": "",
            "customer_owned_ipv4_pool": "",
            "domain": "vpc",
            "id": "eipalloc-0c9b5e5bd9c1d6c09",
            "instance": "",
            "network_border_group": "us-gov-west-1",
            "network_interface": "eni-0dfd8f3096c9ffa54",
            "private_dns": "ip-10-21-152-181.us-gov-west-1.compute.internal",
            "private_ip": "10.21.152.181",
            "public_dns": "ec2-15-200-30-81.us-gov-west-1.compute.amazonaws.com",
            "public_ip": "15.200.30.81",
            "public_ipv4_pool": "amazon",
            "tags": {
              "Name": "Production"
            },
            "tags_all": {
              "Name": "Production"
            },
            "timeouts": null,
            "vpc": true
          },
          "sensitive_attributes": []
        }
      ]
    },
    {
      "mode": "managed",
      "type": "aws_eip_association",
      "name": "eipassoc_00ee35b4077e0cd1d",
      "provider": "provider[\"registry.terraform.io/hashicorp/aws\"]",
      "instances": [
        {
          "schema_version": 0,
          "attributes": {
            "allocation_id": "eipalloc-09ccddf6c47a6ae4a",
            "allow_reassociation": null,
            "id": "eipassoc-00ee35b4077e0cd1d",
            "instance_id": "",
            "network_interface_id": "eni-0c2cb6f8cf90d2de1",
            "private_ip_address": "10.21.165.210",
            "public_ip": "3.32.199.135"
          },
          "sensitive_attributes": []
        }
      ]
    },
    {
      "mode": "managed",
      "type": "aws_eip_association",
      "name": "eipassoc_020ccae25ecb5002e",
      "provider": "provider[\"registry.terraform.io/hashicorp/aws\"]",
      "instances": [
        {
          "schema_version": 0,
          "attributes": {
            "allocation_id": "eipalloc-06f59b0695ed32e75",
            "allow_reassociation": null,
            "id": "eipassoc-020ccae25ecb5002e",
            "instance_id": "",
            "network_interface_id": "eni-09685d9f264b9b1d1",
            "private_ip_address": "10.21.130.178",
            "public_ip": "15.205.109.48"
          },
          "sensitive_attributes": []
        }
      ]
    },
    {
      "mode": "managed",
      "type": "aws_eip_association",
      "name": "eipassoc_0cb96dd88da8fa224",
      "provider": "provider[\"registry.terraform.io/hashicorp/aws\"]",
      "instances": [
        {
          "schema_version": 0,
          "attributes": {
            "allocation_id": "eipalloc-0c9b5e5bd9c1d6c09",
            "allow_reassociation": null,
            "id": "eipassoc-0cb96dd88da8fa224",
            "instance_id": "",
            "network_interface_id": "eni-0dfd8f3096c9ffa54",
            "private_ip_address": "10.21.152.181",
            "public_ip": "15.200.30.81"
          },
          "sensitive_attributes": []
        }
      ]
    },
    {
      "mode": "managed",
      "type": "aws_instance",
      "name": "i_06875baad0bc7be5e",
      "provider": "provider[\"registry.terraform.io/hashicorp/aws\"]",
      "instances": [
        {
          "schema_version": 1,
          "attributes": {
            "ami": "ami-048d0e3e6869aad8f",
            "arn": "arn:aws-us-gov:ec2:us-gov-west-1:050779347855:instance/i-06875baad0bc7be5e",
            "associate_public_ip_address": true,
            "availability_zone": "us-gov-west-1a",
            "capacity_reservation_specification": [
              {
                "capacity_reservation_preference": "open",
                "capacity_reservation_target": []
              }
            ],
            "cpu_core_count": 1,
            "cpu_threads_per_core": 2,
            "credit_specification": [
              {
                "cpu_credits": "unlimited"
              }
            ],
            "disable_api_stop": false,
            "disable_api_termination": false,
            "ebs_block_device": [],
            "ebs_optimized": true,
            "enclave_options": [
              {
                "enabled": false
              }
            ],
            "ephemeral_block_device": [],
            "get_password_data": false,
            "hibernation": false,
            "host_id": "",
            "host_resource_group_arn": null,
            "iam_instance_profile": "SessionManagerMinimum",
            "id": "i-06875baad0bc7be5e",
            "instance_initiated_shutdown_behavior": "stop",
            "instance_state": "running",
            "instance_type": "t3.micro",
            "ipv6_address_count": 0,
            "ipv6_addresses": [],
            "key_name": "allogy-2014-10-02",
            "launch_template": [],
            "maintenance_options": [
              {
                "auto_recovery": "default"
              }
            ],
            "metadata_options": [
              {
                "http_endpoint": "enabled",
                "http_put_response_hop_limit": 1,
                "http_tokens": "optional",
                "instance_metadata_tags": "disabled"
              }
            ],
            "monitoring": false,
            "network_interface": [],
            "outpost_arn": "",
            "password_data": "",
            "placement_group": "",
            "placement_partition_number": 0,
            "primary_network_interface_id": "eni-07f991884832c6796",
            "private_dns": "ip-10-21-130-110.us-gov-west-1.compute.internal",
            "private_dns_name_options": [
              {
                "enable_resource_name_dns_a_record": true,
                "enable_resource_name_dns_aaaa_record": false,
                "hostname_type": "ip-name"
              }
            ],
            "private_ip": "10.21.130.110",
            "public_dns": "ec2-15-205-214-100.us-gov-west-1.compute.amazonaws.com",
            "public_ip": "15.205.214.100",
            "root_block_device": [
              {
                "delete_on_termination": true,
                "device_name": "/dev/xvda",
                "encrypted": true,
                "iops": 100,
                "kms_key_id": "arn:aws-us-gov:kms:us-gov-west-1:050779347855:key/77a11a54-ca9b-43cf-8653-4020ca89cd10",
                "tags": {
                  "Name": "core-rds-proxy"
                },
                "throughput": 0,
                "volume_id": "vol-08f519eb04828ec12",
                "volume_size": 8,
                "volume_type": "gp2"
              }
            ],
            "secondary_private_ips": [],
            "security_groups": [],
            "source_dest_check": true,
            "subnet_id": "subnet-0680aa96bc65f072d",
            "tags": {
              "Name": "core-rds-proxy"
            },
            "tags_all": {
              "Name": "core-rds-proxy"
            },
            "tenancy": "default",
            "timeouts": null,
            "user_data": null,
            "user_data_base64": null,
            "user_data_replace_on_change": null,
            "volume_tags": null,
            "vpc_security_group_ids": [
              "sg-085eb8e3a0fba2f92"
            ]
          },
          "sensitive_attributes": []
        }
      ]
    },
    {
      "mode": "managed",
      "type": "aws_instance",
      "name": "i_0d34f8cb5602f5857",
      "provider": "provider[\"registry.terraform.io/hashicorp/aws\"]",
      "instances": [
        {
          "schema_version": 1,
          "attributes": {
            "ami": "ami-048d0e3e6869aad8f",
            "arn": "arn:aws-us-gov:ec2:us-gov-west-1:050779347855:instance/i-0d34f8cb5602f5857",
            "associate_public_ip_address": true,
            "availability_zone": "us-gov-west-1a",
            "capacity_reservation_specification": [
              {
                "capacity_reservation_preference": "open",
                "capacity_reservation_target": []
              }
            ],
            "cpu_core_count": 1,
            "cpu_threads_per_core": 2,
            "credit_specification": [
              {
                "cpu_credits": "unlimited"
              }
            ],
            "disable_api_stop": false,
            "disable_api_termination": false,
            "ebs_block_device": [],
            "ebs_optimized": true,
            "enclave_options": [
              {
                "enabled": false
              }
            ],
            "ephemeral_block_device": [],
            "get_password_data": false,
            "hibernation": false,
            "host_id": "",
            "host_resource_group_arn": null,
            "iam_instance_profile": "SessionManagerMinimum",
            "id": "i-0d34f8cb5602f5857",
            "instance_initiated_shutdown_behavior": "stop",
            "instance_state": "running",
            "instance_type": "t3.micro",
            "ipv6_address_count": 0,
            "ipv6_addresses": [],
            "key_name": "allogy-2014-10-02",
            "launch_template": [],
            "maintenance_options": [
              {
                "auto_recovery": "default"
              }
            ],
            "metadata_options": [
              {
                "http_endpoint": "enabled",
                "http_put_response_hop_limit": 1,
                "http_tokens": "optional",
                "instance_metadata_tags": "enabled"
              }
            ],
            "monitoring": false,
            "network_interface": [],
            "outpost_arn": "",
            "password_data": "",
            "placement_group": "",
            "placement_partition_number": 0,
            "primary_network_interface_id": "eni-0e9209079fe927383",
            "private_dns": "ip-10-21-134-98.us-gov-west-1.compute.internal",
            "private_dns_name_options": [
              {
                "enable_resource_name_dns_a_record": true,
                "enable_resource_name_dns_aaaa_record": false,
                "hostname_type": "ip-name"
              }
            ],
            "private_ip": "10.21.134.98",
            "public_dns": "ec2-160-1-10-23.us-gov-west-1.compute.amazonaws.com",
            "public_ip": "160.1.10.23",
            "root_block_device": [
              {
                "delete_on_termination": true,
                "device_name": "/dev/xvda",
                "encrypted": true,
                "iops": 100,
                "kms_key_id": "arn:aws-us-gov:kms:us-gov-west-1:050779347855:key/77a11a54-ca9b-43cf-8653-4020ca89cd10",
                "tags": {
                  "Name": "production-BastionServer"
                },
                "throughput": 0,
                "volume_id": "vol-05861db3d05015f9a",
                "volume_size": 8,
                "volume_type": "gp2"
              }
            ],
            "secondary_private_ips": [],
            "security_groups": [],
            "source_dest_check": true,
            "subnet_id": "subnet-0680aa96bc65f072d",
            "tags": {
              "Name": "production-BastionServer"
            },
            "tags_all": {
              "Name": "production-BastionServer"
            },
            "tenancy": "default",
            "timeouts": null,
            "user_data": null,
            "user_data_base64": null,
            "user_data_replace_on_change": null,
            "volume_tags": null,
            "vpc_security_group_ids": [
              "sg-0313ffdf68606e618"
            ]
          },
          "sensitive_attributes": []
        }
      ]
    },
    {
      "mode": "managed",
      "type": "aws_instance",
      "name": "i_0dc94083aa5bcb1f3",
      "provider": "provider[\"registry.terraform.io/hashicorp/aws\"]",
      "instances": [
        {
          "schema_version": 1,
          "attributes": {
            "ami": "ami-09f96565880b69e5f",
            "arn": "arn:aws-us-gov:ec2:us-gov-west-1:050779347855:instance/i-0dc94083aa5bcb1f3",
            "associate_public_ip_address": false,
            "availability_zone": "us-gov-west-1b",
            "capacity_reservation_specification": [
              {
                "capacity_reservation_preference": "open",
                "capacity_reservation_target": []
              }
            ],
            "cpu_core_count": 2,
            "cpu_threads_per_core": 1,
            "credit_specification": [
              {
                "cpu_credits": "standard"
              }
            ],
            "disable_api_stop": false,
            "disable_api_termination": false,
            "ebs_block_device": [
              {
                "delete_on_termination": false,
                "device_name": "/dev/sdb",
                "encrypted": true,
                "iops": 150,
                "kms_key_id": "arn:aws-us-gov:kms:us-gov-west-1:050779347855:key/77a11a54-ca9b-43cf-8653-4020ca89cd10",
                "snapshot_id": "",
                "tags": {},
                "throughput": 0,
                "volume_id": "vol-015eaaf5da1816e8d",
                "volume_size": 50,
                "volume_type": "gp2"
              }
            ],
            "ebs_optimized": false,
            "enclave_options": [
              {
                "enabled": false
              }
            ],
            "ephemeral_block_device": [],
            "get_password_data": false,
            "hibernation": false,
            "host_id": "",
            "host_resource_group_arn": null,
            "iam_instance_profile": "",
            "id": "i-0dc94083aa5bcb1f3",
            "instance_initiated_shutdown_behavior": "stop",
            "instance_state": "stopped",
            "instance_type": "t2.medium",
            "ipv6_address_count": 0,
            "ipv6_addresses": [],
            "key_name": "dbimport062822",
            "launch_template": [],
            "maintenance_options": [
              {
                "auto_recovery": "default"
              }
            ],
            "metadata_options": [
              {
                "http_endpoint": "enabled",
                "http_put_response_hop_limit": 1,
                "http_tokens": "optional",
                "instance_metadata_tags": "disabled"
              }
            ],
            "monitoring": false,
            "network_interface": [],
            "outpost_arn": "",
            "password_data": "",
            "placement_group": "",
            "placement_partition_number": 0,
            "primary_network_interface_id": "eni-081b57d6dd2d34e72",
            "private_dns": "ip-10-21-153-175.us-gov-west-1.compute.internal",
            "private_dns_name_options": [
              {
                "enable_resource_name_dns_a_record": true,
                "enable_resource_name_dns_aaaa_record": false,
                "hostname_type": "ip-name"
              }
            ],
            "private_ip": "10.21.153.175",
            "public_dns": "",
            "public_ip": "",
            "root_block_device": [
              {
                "delete_on_termination": true,
                "device_name": "/dev/xvda",
                "encrypted": true,
                "iops": 100,
                "kms_key_id": "arn:aws-us-gov:kms:us-gov-west-1:050779347855:key/77a11a54-ca9b-43cf-8653-4020ca89cd10",
                "tags": {},
                "throughput": 0,
                "volume_id": "vol-06fbca7af4b46f3f1",
                "volume_size": 20,
                "volume_type": "gp2"
              }
            ],
            "secondary_private_ips": [],
            "security_groups": [],
            "source_dest_check": true,
            "subnet_id": "subnet-07402e5b661b23bec",
            "tags": {
              "Name": "dbimport062822"
            },
            "tags_all": {
              "Name": "dbimport062822"
            },
            "tenancy": "default",
            "timeouts": null,
            "user_data": null,
            "user_data_base64": null,
            "user_data_replace_on_change": null,
            "volume_tags": null,
            "vpc_security_group_ids": [
              "sg-0b0eed2b18edcbfaa"
            ]
          },
          "sensitive_attributes": []
        }
      ]
    },
    {
      "mode": "managed",
      "type": "aws_key_pair",
      "name": "AARONTEST",
      "provider": "provider[\"registry.terraform.io/hashicorp/aws\"]",
      "instances": [
        {
          "schema_version": 1,
          "attributes": {
            "arn": "arn:aws-us-gov:ec2:us-gov-west-1:050779347855:key-pair/AARONTEST",
            "fingerprint": "69:bf:31:3d:71:da:b0:cf:f1:5f:ab:e8:60:0d:dd:d8",
            "id": "AARONTEST",
            "key_name": "AARONTEST",
            "key_name_prefix": "",
            "key_pair_id": "key-0bd69fcc61dbf5f7b",
            "key_type": "rsa",
            "public_key": "ssh-rsa AAAAB3NzaC1yc2EAAAADAQABAAABAQCotAAqllWuJGhHWWHJCZcjd4iZ1K4fya+l0m3zww50ySqDG3WodDed5jp8nEiXOe6O4UYtIDeCE7Yg7oXup4+X7JneF+YB7sh6H+GGUzaoJfDpz/6TbNnTgbdU7w/PJtTRGBDeq47Que3Vw5mVLaz64r8DW/0MKs4CvlRE2g1+PLKSPNvXUWN2CuPONkZ5X3i4wxJrHHO1CQkoGklOFB5OXXC1wiLCIMhEWM9R+p9AO/cxBvYpliFr2Bo11Hn0PI5lVUFXS5JEMmgKHGxVRRJQfZ6zX5KOuD8wF5GG2nNxAnYIZ7u0ezjr4/76r//xzWcCBmSL2YJb6PLCjEYlXKBB AARONTEST",
            "tags": {},
            "tags_all": {}
          },
          "sensitive_attributes": []
        }
      ]
    },
    {
      "mode": "managed",
      "type": "aws_key_pair",
      "name": "TESTAARON",
      "provider": "provider[\"registry.terraform.io/hashicorp/aws\"]",
      "instances": [
        {
          "schema_version": 1,
          "attributes": {
            "arn": "arn:aws-us-gov:ec2:us-gov-west-1:050779347855:key-pair/TESTAARON",
            "fingerprint": "12:a9:65:ac:de:0f:90:e1:b1:ad:7c:32:45:75:c8:ff:36:b1:83:8c",
            "id": "TESTAARON",
            "key_name": "TESTAARON",
            "key_name_prefix": "",
            "key_pair_id": "key-000226975d03502b6",
            "key_type": "rsa",
            "public_key": "ssh-rsa AAAAB3NzaC1yc2EAAAADAQABAAABAQCotAAqllWuJGhHWWHJCZcjd4iZ1K4fya+l0m3zww50ySqDG3WodDed5jp8nEiXOe6O4UYtIDeCE7Yg7oXup4+X7JneF+YB7sh6H+GGUzaoJfDpz/6TbNnTgbdU7w/PJtTRGBDeq47Que3Vw5mVLaz64r8DW/0MKs4CvlRE2g1+PLKSPNvXUWN2CuPONkZ5X3i4wxJrHHO1CQkoGklOFB5OXXC1wiLCIMhEWM9R+p9AO/cxBvYpliFr2Bo11Hn0PI5lVUFXS5JEMmgKHGxVRRJQfZ6zX5KOuD8wF5GG2nNxAnYIZ7u0ezjr4/76r//xzWcCBmSL2YJb6PLCjEYlXKBB TESTAARON",
            "tags": {},
            "tags_all": {}
          },
          "sensitive_attributes": []
        }
      ]
    },
    {
      "mode": "managed",
      "type": "aws_key_pair",
      "name": "allogy_2014_10_02",
      "provider": "provider[\"registry.terraform.io/hashicorp/aws\"]",
      "instances": [
        {
          "schema_version": 1,
          "attributes": {
            "arn": "arn:aws-us-gov:ec2:us-gov-west-1:050779347855:key-pair/allogy-2014-10-02",
            "fingerprint": "82:54:d5:a1:30:e9:ce:1a:d9:67:21:f4:74:b2:87:c2",
            "id": "allogy-2014-10-02",
            "key_name": "allogy-2014-10-02",
            "key_name_prefix": "",
            "key_pair_id": "key-04475783f8e4e2919",
            "key_type": "rsa",
            "public_key": "ssh-rsa AAAAB3NzaC1yc2EAAAADAQABAAABAQDwLn89CaeMxy7ovpM/MfNOZj3PGNXc4bzr4GIb44X4GPO3FFSONRnBK9fAe8dSKW2CqiZVBj8U4iaqn3HVG1tKf3hEgGOv+ENweYmtd3qZN/iiiX6B+k42J45TnHEIEfpqKIKHayopoaMPY7ZX+TbcWr5bJ8joh2BKc9wjr3hHhcoXT8G0VUjkjAavlqjUu8BONX9YBQiYAkHcVibkNZvNeKXINAPosrVTTYvw9kYitK2ykzBIjlFyKcTtTLqklp+NSBkFvvGtzf5w3mWAMy2+0zmcT2ev3Jc6zYvTWJQ6+juDie7axekeWCSVXndSuXUHWK0wXPFsQq7kdDZENICr allogy-2014-10-02",
            "tags": {},
            "tags_all": {}
          },
          "sensitive_attributes": []
        }
      ]
    },
    {
      "mode": "managed",
      "type": "aws_key_pair",
      "name": "allogy_core_rds_proxy_2015_08_24",
      "provider": "provider[\"registry.terraform.io/hashicorp/aws\"]",
      "instances": [
        {
          "schema_version": 1,
          "attributes": {
            "arn": "arn:aws-us-gov:ec2:us-gov-west-1:050779347855:key-pair/allogy-core-rds-proxy-2015-08-24",
            "fingerprint": "12:e9:23:30:78:3e:18:b8:e6:f0:16:41:14:f8:24:c4",
            "id": "allogy-core-rds-proxy-2015-08-24",
            "key_name": "allogy-core-rds-proxy-2015-08-24",
            "key_name_prefix": "",
            "key_pair_id": "key-0a6687065036a75c0",
            "key_type": "rsa",
            "public_key": "ssh-rsa AAAAB3NzaC1yc2EAAAADAQABAAABAQCFqOyey3vocC3uOJWjU2ox+L79etrQaH5hkUUi+u8pDhpkxdzo77xb2pj4fPqSBmIFTVDtERxKlJtJ02EzpQGe67fEp6y6ZcSHjC1NT1gcqYP2z8xepFR7oMc2b720VLv/7/CkZpowJ1hi6RmQjSypyC7LkROU3BxXWo0DTWsHlBwKb6fV+KBgSqF4GsuWis9itv6u0FQcyEvYS+FFLXEkx6J0bp442swH7hTujyyXrsDoFKW1wy6wsAMPEdqqI4nS2rYFwjPiOF78aJUXdYctRXNS3SBdOJOTGFvnO9r9F6wByHgNcCP3itrsTQ0CDygit+e8Z6y08Ti4u3tiYLHN allogy-core-rds-proxy-2015-08-24",
            "tags": {},
            "tags_all": {}
          },
          "sensitive_attributes": []
        }
      ]
    },
    {
      "mode": "managed",
      "type": "aws_key_pair",
      "name": "dbimport062822",
      "provider": "provider[\"registry.terraform.io/hashicorp/aws\"]",
      "instances": [
        {
          "schema_version": 1,
          "attributes": {
            "arn": "arn:aws-us-gov:ec2:us-gov-west-1:050779347855:key-pair/dbimport062822",
            "fingerprint": "2f:ff:7d:2e:91:c4:88:c9:f5:1c:6a:74:6f:ae:75:a2:88:d1:49:2e",
            "id": "dbimport062822",
            "key_name": "dbimport062822",
            "key_name_prefix": "",
            "key_pair_id": "key-04a032cdd9d179b4c",
            "key_type": "rsa",
            "public_key": "ssh-rsa AAAAB3NzaC1yc2EAAAADAQABAAABAQCKZbck3LWRTsWvpvq6+UGI9lukbrl6SP5rPnks2tzhy2qOqCi1VW7mJLhYfFTNi6n/I48Rco0GtKqk/VdmPJZYlWSCCHQ331V4P5ozCbXgYvJnJon3tZn0+3riZFNH3QzIzx0dtW0AAZxHBlGZ/K1GufVq15jVEQ6OwUk12prULQ1wyDhHXCC5QcIgO+11dYQybA06q5KYNGG0nydpoqCeHktFww6CZ534N7wyqWZjyOtWAZbKlVEuBFep38RGZ4L8PtybYiG02AOUynxcmcBIhoTY3xgqnNFcVB2xSIg61iVRZ/Rsn2MTxWS/lmliDoJMmlDl7VATK1Jorx6JclPr dbimport062822",
            "tags": {},
            "tags_all": {}
          },
          "sensitive_attributes": []
        }
      ]
    },
    {
      "mode": "managed",
      "type": "aws_launch_template",
      "name": "lt_048012777ea865559",
      "provider": "provider[\"registry.terraform.io/hashicorp/aws\"]",
      "instances": [
        {
          "schema_version": 0,
          "attributes": {
            "arn": "arn:aws-us-gov:ec2:us-gov-west-1:050779347855:launch-template/lt-048012777ea865559",
            "block_device_mappings": [
              {
                "device_name": "/dev/xvda",
                "ebs": [
                  {
                    "delete_on_termination": "true",
                    "encrypted": "true",
                    "iops": 0,
                    "kms_key_id": "arn:aws-us-gov:kms:us-gov-west-1:050779347855:key/77a11a54-ca9b-43cf-8653-4020ca89cd10",
                    "snapshot_id": "",
                    "throughput": 0,
                    "volume_size": 20,
                    "volume_type": "gp2"
                  }
                ],
                "no_device": "",
                "virtual_name": ""
              },
              {
                "device_name": "/dev/sdb",
                "ebs": [
                  {
                    "delete_on_termination": "false",
                    "encrypted": "true",
                    "iops": 0,
                    "kms_key_id": "arn:aws-us-gov:kms:us-gov-west-1:050779347855:key/77a11a54-ca9b-43cf-8653-4020ca89cd10",
                    "snapshot_id": "",
                    "throughput": 0,
                    "volume_size": 50,
                    "volume_type": "gp2"
                  }
                ],
                "no_device": "",
                "virtual_name": ""
              }
            ],
            "capacity_reservation_specification": [
              {
                "capacity_reservation_preference": "open",
                "capacity_reservation_target": []
              }
            ],
            "cpu_options": [],
            "credit_specification": [
              {
                "cpu_credits": "standard"
              }
            ],
            "default_version": 1,
            "description": "",
            "disable_api_stop": false,
            "disable_api_termination": false,
            "ebs_optimized": "false",
            "elastic_gpu_specifications": [],
            "elastic_inference_accelerator": [],
            "enclave_options": [],
            "hibernation_options": [
              {
                "configured": false
              }
            ],
            "iam_instance_profile": [],
            "id": "lt-048012777ea865559",
            "image_id": "ami-09f96565880b69e5f",
            "instance_initiated_shutdown_behavior": "stop",
            "instance_market_options": [],
            "instance_requirements": [],
            "instance_type": "t2.medium",
            "kernel_id": "",
            "key_name": "AARONTEST",
            "latest_version": 1,
            "license_specification": [],
            "maintenance_options": [
              {
                "auto_recovery": "default"
              }
            ],
            "metadata_options": [
              {
                "http_endpoint": "enabled",
                "http_protocol_ipv6": "",
                "http_put_response_hop_limit": 1,
                "http_tokens": "optional",
                "instance_metadata_tags": "disabled"
              }
            ],
            "monitoring": [
              {
                "enabled": false
              }
            ],
            "name": "dbaaron",
            "name_prefix": "",
            "network_interfaces": [
              {
                "associate_carrier_ip_address": "",
                "associate_public_ip_address": "",
                "delete_on_termination": "",
                "description": "",
                "device_index": 0,
                "interface_type": "",
                "ipv4_address_count": 0,
                "ipv4_addresses": [],
                "ipv4_prefix_count": 0,
                "ipv4_prefixes": [],
                "ipv6_address_count": 0,
                "ipv6_addresses": [],
                "ipv6_prefix_count": 0,
                "ipv6_prefixes": [],
                "network_card_index": 0,
                "network_interface_id": "",
                "private_ip_address": "",
                "security_groups": [
                  "sg-0b0eed2b18edcbfaa"
                ],
                "subnet_id": ""
              }
            ],
            "placement": [
              {
                "affinity": "",
                "availability_zone": "",
                "group_name": "",
                "host_id": "",
                "host_resource_group_arn": "",
                "partition_number": 0,
                "spread_domain": "",
                "tenancy": "default"
              }
            ],
            "private_dns_name_options": [
              {
                "enable_resource_name_dns_a_record": true,
                "enable_resource_name_dns_aaaa_record": false,
                "hostname_type": "ip-name"
              }
            ],
            "ram_disk_id": "",
            "security_group_names": [],
            "tag_specifications": [
              {
                "resource_type": "instance",
                "tags": {
                  "Name": "dbimport062822"
                }
              }
            ],
            "tags": {},
            "tags_all": {},
            "update_default_version": null,
            "user_data": "",
            "vpc_security_group_ids": []
          },
          "sensitive_attributes": []
        }
      ]
    }
  ],
  "check_results": null
}
