{
  "version": 4,
  "terraform_version": "1.3.6",
  "serial": 2,
  "lineage": "",
  "outputs": {},
  "resources": [
    {
      "mode": "managed",
      "type": "aws_key_pair",
      "name": "AARONTEST",
      "provider": "provider[\"registry.terraform.io/hashicorp/aws\"]",
      "instances": [
        {
          "schema_version": 1,
          "attributes": {
            "arn": "arn:aws-us-gov:ec2:us-gov-west-1:050779347855:key-pair/AARONTEST",
            "fingerprint": "69:bf:31:3d:71:da:b0:cf:f1:5f:ab:e8:60:0d:dd:d8",
            "id": "AARONTEST",
            "key_name": "AARONTEST",
            "key_name_prefix": "",
            "key_pair_id": "key-0bd69fcc61dbf5f7b",
            "key_type": "rsa",
            "public_key": "ssh-rsa AAAAB3NzaC1yc2EAAAADAQABAAABAQCotAAqllWuJGhHWWHJCZcjd4iZ1K4fya+l0m3zww50ySqDG3WodDed5jp8nEiXOe6O4UYtIDeCE7Yg7oXup4+X7JneF+YB7sh6H+GGUzaoJfDpz/6TbNnTgbdU7w/PJtTRGBDeq47Que3Vw5mVLaz64r8DW/0MKs4CvlRE2g1+PLKSPNvXUWN2CuPONkZ5X3i4wxJrHHO1CQkoGklOFB5OXXC1wiLCIMhEWM9R+p9AO/cxBvYpliFr2Bo11Hn0PI5lVUFXS5JEMmgKHGxVRRJQfZ6zX5KOuD8wF5GG2nNxAnYIZ7u0ezjr4/76r//xzWcCBmSL2YJb6PLCjEYlXKBB AARONTEST",
            "tags": {},
            "tags_all": {}
          },
          "sensitive_attributes": []
        }
      ]
    },
    {
      "mode": "managed",
      "type": "aws_key_pair",
      "name": "TESTAARON",
      "provider": "provider[\"registry.terraform.io/hashicorp/aws\"]",
      "instances": [
        {
          "schema_version": 1,
          "attributes": {
            "arn": "arn:aws-us-gov:ec2:us-gov-west-1:050779347855:key-pair/TESTAARON",
            "fingerprint": "12:a9:65:ac:de:0f:90:e1:b1:ad:7c:32:45:75:c8:ff:36:b1:83:8c",
            "id": "TESTAARON",
            "key_name": "TESTAARON",
            "key_name_prefix": "",
            "key_pair_id": "key-000226975d03502b6",
            "key_type": "rsa",
            "public_key": "ssh-rsa AAAAB3NzaC1yc2EAAAADAQABAAABAQCotAAqllWuJGhHWWHJCZcjd4iZ1K4fya+l0m3zww50ySqDG3WodDed5jp8nEiXOe6O4UYtIDeCE7Yg7oXup4+X7JneF+YB7sh6H+GGUzaoJfDpz/6TbNnTgbdU7w/PJtTRGBDeq47Que3Vw5mVLaz64r8DW/0MKs4CvlRE2g1+PLKSPNvXUWN2CuPONkZ5X3i4wxJrHHO1CQkoGklOFB5OXXC1wiLCIMhEWM9R+p9AO/cxBvYpliFr2Bo11Hn0PI5lVUFXS5JEMmgKHGxVRRJQfZ6zX5KOuD8wF5GG2nNxAnYIZ7u0ezjr4/76r//xzWcCBmSL2YJb6PLCjEYlXKBB TESTAARON",
            "tags": {},
            "tags_all": {}
          },
          "sensitive_attributes": []
        }
      ]
    },
    {
      "mode": "managed",
      "type": "aws_key_pair",
      "name": "allogy_2014_10_02",
      "provider": "provider[\"registry.terraform.io/hashicorp/aws\"]",
      "instances": [
        {
          "schema_version": 1,
          "attributes": {
            "arn": "arn:aws-us-gov:ec2:us-gov-west-1:050779347855:key-pair/allogy-2014-10-02",
            "fingerprint": "82:54:d5:a1:30:e9:ce:1a:d9:67:21:f4:74:b2:87:c2",
            "id": "allogy-2014-10-02",
            "key_name": "allogy-2014-10-02",
            "key_name_prefix": "",
            "key_pair_id": "key-04475783f8e4e2919",
            "key_type": "rsa",
            "public_key": "ssh-rsa AAAAB3NzaC1yc2EAAAADAQABAAABAQDwLn89CaeMxy7ovpM/MfNOZj3PGNXc4bzr4GIb44X4GPO3FFSONRnBK9fAe8dSKW2CqiZVBj8U4iaqn3HVG1tKf3hEgGOv+ENweYmtd3qZN/iiiX6B+k42J45TnHEIEfpqKIKHayopoaMPY7ZX+TbcWr5bJ8joh2BKc9wjr3hHhcoXT8G0VUjkjAavlqjUu8BONX9YBQiYAkHcVibkNZvNeKXINAPosrVTTYvw9kYitK2ykzBIjlFyKcTtTLqklp+NSBkFvvGtzf5w3mWAMy2+0zmcT2ev3Jc6zYvTWJQ6+juDie7axekeWCSVXndSuXUHWK0wXPFsQq7kdDZENICr allogy-2014-10-02",
            "tags": {},
            "tags_all": {}
          },
          "sensitive_attributes": []
        }
      ]
    },
    {
      "mode": "managed",
      "type": "aws_key_pair",
      "name": "allogy_core_rds_proxy_2015_08_24",
      "provider": "provider[\"registry.terraform.io/hashicorp/aws\"]",
      "instances": [
        {
          "schema_version": 1,
          "attributes": {
            "arn": "arn:aws-us-gov:ec2:us-gov-west-1:050779347855:key-pair/allogy-core-rds-proxy-2015-08-24",
            "fingerprint": "12:e9:23:30:78:3e:18:b8:e6:f0:16:41:14:f8:24:c4",
            "id": "allogy-core-rds-proxy-2015-08-24",
            "key_name": "allogy-core-rds-proxy-2015-08-24",
            "key_name_prefix": "",
            "key_pair_id": "key-0a6687065036a75c0",
            "key_type": "rsa",
            "public_key": "ssh-rsa AAAAB3NzaC1yc2EAAAADAQABAAABAQCFqOyey3vocC3uOJWjU2ox+L79etrQaH5hkUUi+u8pDhpkxdzo77xb2pj4fPqSBmIFTVDtERxKlJtJ02EzpQGe67fEp6y6ZcSHjC1NT1gcqYP2z8xepFR7oMc2b720VLv/7/CkZpowJ1hi6RmQjSypyC7LkROU3BxXWo0DTWsHlBwKb6fV+KBgSqF4GsuWis9itv6u0FQcyEvYS+FFLXEkx6J0bp442swH7hTujyyXrsDoFKW1wy6wsAMPEdqqI4nS2rYFwjPiOF78aJUXdYctRXNS3SBdOJOTGFvnO9r9F6wByHgNcCP3itrsTQ0CDygit+e8Z6y08Ti4u3tiYLHN allogy-core-rds-proxy-2015-08-24",
            "tags": {},
            "tags_all": {}
          },
          "sensitive_attributes": []
        }
      ]
    },
    {
      "mode": "managed",
      "type": "aws_key_pair",
      "name": "dbimport062822",
      "provider": "provider[\"registry.terraform.io/hashicorp/aws\"]",
      "instances": [
        {
          "schema_version": 1,
          "attributes": {
            "arn": "arn:aws-us-gov:ec2:us-gov-west-1:050779347855:key-pair/dbimport062822",
            "fingerprint": "2f:ff:7d:2e:91:c4:88:c9:f5:1c:6a:74:6f:ae:75:a2:88:d1:49:2e",
            "id": "dbimport062822",
            "key_name": "dbimport062822",
            "key_name_prefix": "",
            "key_pair_id": "key-04a032cdd9d179b4c",
            "key_type": "rsa",
            "public_key": "ssh-rsa AAAAB3NzaC1yc2EAAAADAQABAAABAQCKZbck3LWRTsWvpvq6+UGI9lukbrl6SP5rPnks2tzhy2qOqCi1VW7mJLhYfFTNi6n/I48Rco0GtKqk/VdmPJZYlWSCCHQ331V4P5ozCbXgYvJnJon3tZn0+3riZFNH3QzIzx0dtW0AAZxHBlGZ/K1GufVq15jVEQ6OwUk12prULQ1wyDhHXCC5QcIgO+11dYQybA06q5KYNGG0nydpoqCeHktFww6CZ534N7wyqWZjyOtWAZbKlVEuBFep38RGZ4L8PtybYiG02AOUynxcmcBIhoTY3xgqnNFcVB2xSIg61iVRZ/Rsn2MTxWS/lmliDoJMmlDl7VATK1Jorx6JclPr dbimport062822",
            "tags": {},
            "tags_all": {}
          },
          "sensitive_attributes": []
        }
      ]
    }
  ],
  "check_results": null
}
