{
  "version": 4,
  "terraform_version": "1.3.6",
  "serial": 2,
  "lineage": "",
  "outputs": {},
  "resources": [
    {
      "mode": "managed",
      "type": "aws_iam_access_key",
      "name": "AKIAQXUVPLOHUABM3TX2",
      "provider": "provider[\"registry.terraform.io/hashicorp/aws\"]",
      "instances": [
        {
          "schema_version": 0,
          "attributes": {
            "create_date": "2022-06-02T01:40:06Z",
            "encrypted_secret": null,
            "encrypted_ses_smtp_password_v4": null,
            "id": "AKIAQXUVPLOHUABM3TX2",
            "key_fingerprint": null,
            "pgp_key": null,
            "secret": null,
            "ses_smtp_password_v4": null,
            "status": "Active",
            "user": "jenkins-deployment-user"
          },
          "sensitive_attributes": []
        }
      ]
    },
    {
      "mode": "managed",
      "type": "aws_iam_account_password_policy",
      "name": "iam_account_password_policy",
      "provider": "provider[\"registry.terraform.io/hashicorp/aws\"]",
      "instances": [
        {
          "schema_version": 0,
          "attributes": {
            "allow_users_to_change_password": true,
            "expire_passwords": true,
            "hard_expiry": false,
            "id": "iam-account-password-policy",
            "max_password_age": 90,
            "minimum_password_length": 15,
            "password_reuse_prevention": 24,
            "require_lowercase_characters": true,
            "require_numbers": true,
            "require_symbols": true,
            "require_uppercase_characters": true
          },
          "sensitive_attributes": []
        }
      ]
    },
    {
      "mode": "managed",
      "type": "aws_iam_group_policy",
      "name": "jenkins_deployment_iam_get_pass_roll",
      "provider": "provider[\"registry.terraform.io/hashicorp/aws\"]",
      "instances": [
        {
          "schema_version": 0,
          "attributes": {
            "group": "jenkins-deployment",
            "id": "jenkins-deployment:iam-get-pass-roll",
            "name": "iam-get-pass-roll",
            "name_prefix": null,
            "policy": "{\"Version\":\"2012-10-17\",\"Statement\":[{\"Action\":[\"iam:GetRole\",\"iam:PassRole\"],\"Effect\":\"Allow\",\"Resource\":\"*\",\"Sid\":\"VisualEditor0\"}]}"
          },
          "sensitive_attributes": []
        }
      ]
    },
    {
      "mode": "managed",
      "type": "aws_iam_group_policy_attachment",
      "name": "jenkins_deployment_policy_AWSCodeCommitReadOnly",
      "provider": "provider[\"registry.terraform.io/hashicorp/aws\"]",
      "instances": [
        {
          "schema_version": 0,
          "attributes": {
            "group": "jenkins-deployment",
            "id": "jenkins-deployment/arn:aws-us-gov:iam::aws:policy/AWSCodeCommitReadOnly",
            "policy_arn": "arn:aws-us-gov:iam::aws:policy/AWSCodeCommitReadOnly"
          },
          "sensitive_attributes": []
        }
      ]
    },
    {
      "mode": "managed",
      "type": "aws_iam_group_policy_attachment",
      "name": "jenkins_deployment_policy_AWSLambda_FullAccess",
      "provider": "provider[\"registry.terraform.io/hashicorp/aws\"]",
      "instances": [
        {
          "schema_version": 0,
          "attributes": {
            "group": "jenkins-deployment",
            "id": "jenkins-deployment/arn:aws-us-gov:iam::aws:policy/AWSLambda_FullAccess",
            "policy_arn": "arn:aws-us-gov:iam::aws:policy/AWSLambda_FullAccess"
          },
          "sensitive_attributes": []
        }
      ]
    },
    {
      "mode": "managed",
      "type": "aws_iam_group_policy_attachment",
      "name": "jenkins_deployment_policy_AWSWAFFullAccess",
      "provider": "provider[\"registry.terraform.io/hashicorp/aws\"]",
      "instances": [
        {
          "schema_version": 0,
          "attributes": {
            "group": "jenkins-deployment",
            "id": "jenkins-deployment/arn:aws-us-gov:iam::aws:policy/AWSWAFFullAccess",
            "policy_arn": "arn:aws-us-gov:iam::aws:policy/AWSWAFFullAccess"
          },
          "sensitive_attributes": []
        }
      ]
    },
    {
      "mode": "managed",
      "type": "aws_iam_group_policy_attachment",
      "name": "jenkins_deployment_policy_AdministratorAccess_AWSElasticBeanstalk",
      "provider": "provider[\"registry.terraform.io/hashicorp/aws\"]",
      "instances": [
        {
          "schema_version": 0,
          "attributes": {
            "group": "jenkins-deployment",
            "id": "jenkins-deployment/arn:aws-us-gov:iam::aws:policy/AdministratorAccess-AWSElasticBeanstalk",
            "policy_arn": "arn:aws-us-gov:iam::aws:policy/AdministratorAccess-AWSElasticBeanstalk"
          },
          "sensitive_attributes": []
        }
      ]
    },
    {
      "mode": "managed",
      "type": "aws_iam_group_policy_attachment",
      "name": "jenkins_deployment_policy_AmazonAPIGatewayAdministrator",
      "provider": "provider[\"registry.terraform.io/hashicorp/aws\"]",
      "instances": [
        {
          "schema_version": 0,
          "attributes": {
            "group": "jenkins-deployment",
            "id": "jenkins-deployment/arn:aws-us-gov:iam::aws:policy/AmazonAPIGatewayAdministrator",
            "policy_arn": "arn:aws-us-gov:iam::aws:policy/AmazonAPIGatewayAdministrator"
          },
          "sensitive_attributes": []
        }
      ]
    },
    {
      "mode": "managed",
      "type": "aws_iam_group_policy_attachment",
      "name": "jenkins_deployment_policy_AmazonDynamoDBFullAccess",
      "provider": "provider[\"registry.terraform.io/hashicorp/aws\"]",
      "instances": [
        {
          "schema_version": 0,
          "attributes": {
            "group": "jenkins-deployment",
            "id": "jenkins-deployment/arn:aws-us-gov:iam::aws:policy/AmazonDynamoDBFullAccess",
            "policy_arn": "arn:aws-us-gov:iam::aws:policy/AmazonDynamoDBFullAccess"
          },
          "sensitive_attributes": []
        }
      ]
    },
    {
      "mode": "managed",
      "type": "aws_iam_group_policy_attachment",
      "name": "jenkins_deployment_policy_AmazonEC2ContainerRegistryFullAccess",
      "provider": "provider[\"registry.terraform.io/hashicorp/aws\"]",
      "instances": [
        {
          "schema_version": 0,
          "attributes": {
            "group": "jenkins-deployment",
            "id": "jenkins-deployment/arn:aws-us-gov:iam::aws:policy/AmazonEC2ContainerRegistryFullAccess",
            "policy_arn": "arn:aws-us-gov:iam::aws:policy/AmazonEC2ContainerRegistryFullAccess"
          },
          "sensitive_attributes": []
        }
      ]
    },
    {
      "mode": "managed",
      "type": "aws_iam_group_policy_attachment",
      "name": "jenkins_deployment_policy_AmazonECS_FullAccess",
      "provider": "provider[\"registry.terraform.io/hashicorp/aws\"]",
      "instances": [
        {
          "schema_version": 0,
          "attributes": {
            "group": "jenkins-deployment",
            "id": "jenkins-deployment/arn:aws-us-gov:iam::aws:policy/AmazonECS_FullAccess",
            "policy_arn": "arn:aws-us-gov:iam::aws:policy/AmazonECS_FullAccess"
          },
          "sensitive_attributes": []
        }
      ]
    },
    {
      "mode": "managed",
      "type": "aws_iam_group_policy_attachment",
      "name": "jenkins_deployment_policy_AmazonOpenSearchServiceFullAccess",
      "provider": "provider[\"registry.terraform.io/hashicorp/aws\"]",
      "instances": [
        {
          "schema_version": 0,
          "attributes": {
            "group": "jenkins-deployment",
            "id": "jenkins-deployment/arn:aws-us-gov:iam::aws:policy/AmazonOpenSearchServiceFullAccess",
            "policy_arn": "arn:aws-us-gov:iam::aws:policy/AmazonOpenSearchServiceFullAccess"
          },
          "sensitive_attributes": []
        }
      ]
    },
    {
      "mode": "managed",
      "type": "aws_iam_group_policy_attachment",
      "name": "jenkins_deployment_policy_AmazonS3FullAccess",
      "provider": "provider[\"registry.terraform.io/hashicorp/aws\"]",
      "instances": [
        {
          "schema_version": 0,
          "attributes": {
            "group": "jenkins-deployment",
            "id": "jenkins-deployment/arn:aws-us-gov:iam::aws:policy/AmazonS3FullAccess",
            "policy_arn": "arn:aws-us-gov:iam::aws:policy/AmazonS3FullAccess"
          },
          "sensitive_attributes": []
        }
      ]
    },
    {
      "mode": "managed",
      "type": "aws_iam_instance_profile",
      "name": "BastionServer",
      "provider": "provider[\"registry.terraform.io/hashicorp/aws\"]",
      "instances": [
        {
          "schema_version": 0,
          "attributes": {
            "arn": "arn:aws-us-gov:iam::050779347855:instance-profile/BastionServer",
            "create_date": "2022-05-17T14:50:30Z",
            "id": "BastionServer",
            "name": "BastionServer",
            "name_prefix": "",
            "path": "/",
            "role": "BastionServer",
            "tags": {},
            "tags_all": {},
            "unique_id": "AIPAQXUVPLOHZ2UA7ZPTR"
          },
          "sensitive_attributes": []
        }
      ]
    },
    {
      "mode": "managed",
      "type": "aws_iam_instance_profile",
      "name": "DeveloperTools_S3Proxy",
      "provider": "provider[\"registry.terraform.io/hashicorp/aws\"]",
      "instances": [
        {
          "schema_version": 0,
          "attributes": {
            "arn": "arn:aws-us-gov:iam::050779347855:instance-profile/DeveloperTools-S3Proxy",
            "create_date": "2022-05-17T17:00:07Z",
            "id": "DeveloperTools-S3Proxy",
            "name": "DeveloperTools-S3Proxy",
            "name_prefix": "",
            "path": "/",
            "role": "DeveloperTools-S3Proxy",
            "tags": {},
            "tags_all": {},
            "unique_id": "AIPAQXUVPLOH6NMTIECX7"
          },
          "sensitive_attributes": []
        }
      ]
    },
    {
      "mode": "managed",
      "type": "aws_iam_instance_profile",
      "name": "JenkinsMaster",
      "provider": "provider[\"registry.terraform.io/hashicorp/aws\"]",
      "instances": [
        {
          "schema_version": 0,
          "attributes": {
            "arn": "arn:aws-us-gov:iam::050779347855:instance-profile/DeveloperTools/JenkinsMaster",
            "create_date": "2022-05-17T15:11:05Z",
            "id": "JenkinsMaster",
            "name": "JenkinsMaster",
            "name_prefix": "",
            "path": "/DeveloperTools/",
            "role": "JenkinsMaster",
            "tags": {},
            "tags_all": {},
            "unique_id": "AIPAQXUVPLOHXWDQ6SPWE"
          },
          "sensitive_attributes": []
        }
      ]
    },
    {
      "mode": "managed",
      "type": "aws_iam_instance_profile",
      "name": "JenkinsRubySlave",
      "provider": "provider[\"registry.terraform.io/hashicorp/aws\"]",
      "instances": [
        {
          "schema_version": 0,
          "attributes": {
            "arn": "arn:aws-us-gov:iam::050779347855:instance-profile/JenkinsRubySlave",
            "create_date": "2022-05-17T17:46:25Z",
            "id": "JenkinsRubySlave",
            "name": "JenkinsRubySlave",
            "name_prefix": "",
            "path": "/",
            "role": "JenkinsRubySlave",
            "tags": {},
            "tags_all": {},
            "unique_id": "AIPAQXUVPLOHXZVDAKHME"
          },
          "sensitive_attributes": []
        }
      ]
    },
    {
      "mode": "managed",
      "type": "aws_iam_instance_profile",
      "name": "SessionManagerMinimum",
      "provider": "provider[\"registry.terraform.io/hashicorp/aws\"]",
      "instances": [
        {
          "schema_version": 0,
          "attributes": {
            "arn": "arn:aws-us-gov:iam::050779347855:instance-profile/SessionManagerMinimum",
            "create_date": "2022-06-01T01:09:37Z",
            "id": "SessionManagerMinimum",
            "name": "SessionManagerMinimum",
            "name_prefix": "",
            "path": "/",
            "role": "SessionManagerMinimum",
            "tags": {},
            "tags_all": {},
            "unique_id": "AIPAQXUVPLOH2SVEJVEYL"
          },
          "sensitive_attributes": []
        }
      ]
    },
    {
      "mode": "managed",
      "type": "aws_iam_instance_profile",
      "name": "ecsInstanceRole",
      "provider": "provider[\"registry.terraform.io/hashicorp/aws\"]",
      "instances": [
        {
          "schema_version": 0,
          "attributes": {
            "arn": "arn:aws-us-gov:iam::050779347855:instance-profile/ecsInstanceRole",
            "create_date": "2022-05-19T01:23:23Z",
            "id": "ecsInstanceRole",
            "name": "ecsInstanceRole",
            "name_prefix": "",
            "path": "/",
            "role": "ecsInstanceRole",
            "tags": {},
            "tags_all": {},
            "unique_id": "AIPAQXUVPLOHWOF2KYTMA"
          },
          "sensitive_attributes": []
        }
      ]
    },
    {
      "mode": "managed",
      "type": "aws_iam_instance_profile",
      "name": "internal_services_gateway",
      "provider": "provider[\"registry.terraform.io/hashicorp/aws\"]",
      "instances": [
        {
          "schema_version": 0,
          "attributes": {
            "arn": "arn:aws-us-gov:iam::050779347855:instance-profile/internal-services-gateway",
            "create_date": "2022-05-17T15:23:50Z",
            "id": "internal-services-gateway",
            "name": "internal-services-gateway",
            "name_prefix": "",
            "path": "/",
            "role": "internal-services-gateway",
            "tags": {},
            "tags_all": {},
            "unique_id": "AIPAQXUVPLOHRBDP2RFL3"
          },
          "sensitive_attributes": []
        }
      ]
    },
    {
      "mode": "managed",
      "type": "aws_iam_instance_profile",
      "name": "services_gateway",
      "provider": "provider[\"registry.terraform.io/hashicorp/aws\"]",
      "instances": [
        {
          "schema_version": 0,
          "attributes": {
            "arn": "arn:aws-us-gov:iam::050779347855:instance-profile/services-gateway",
            "create_date": "2022-05-17T17:57:37Z",
            "id": "services-gateway",
            "name": "services-gateway",
            "name_prefix": "",
            "path": "/",
            "role": "services-gateway",
            "tags": {},
            "tags_all": {},
            "unique_id": "AIPAQXUVPLOHWOXIZVVNC"
          },
          "sensitive_attributes": []
        }
      ]
    },
    {
      "mode": "managed",
      "type": "aws_iam_instance_profile",
      "name": "temp_admin",
      "provider": "provider[\"registry.terraform.io/hashicorp/aws\"]",
      "instances": [
        {
          "schema_version": 0,
          "attributes": {
            "arn": "arn:aws-us-gov:iam::050779347855:instance-profile/temp-admin",
            "create_date": "2022-07-11T23:07:15Z",
            "id": "temp-admin",
            "name": "temp-admin",
            "name_prefix": "",
            "path": "/",
            "role": "temp-admin",
            "tags": {},
            "tags_all": {},
            "unique_id": "AIPAQXUVPLOHV3GDYUQY7"
          },
          "sensitive_attributes": []
        }
      ]
    },
    {
      "mode": "managed",
      "type": "aws_iam_instance_profile",
      "name": "test",
      "provider": "provider[\"registry.terraform.io/hashicorp/aws\"]",
      "instances": [
        {
          "schema_version": 0,
          "attributes": {
            "arn": "arn:aws-us-gov:iam::050779347855:instance-profile/test",
            "create_date": "2022-05-18T00:10:23Z",
            "id": "test",
            "name": "test",
            "name_prefix": "",
            "path": "/",
            "role": "test",
            "tags": {},
            "tags_all": {},
            "unique_id": "AIPAQXUVPLOH77MYZMULY"
          },
          "sensitive_attributes": []
        }
      ]
    },
    {
      "mode": "managed",
      "type": "aws_iam_instance_profile",
      "name": "web_app_book_service",
      "provider": "provider[\"registry.terraform.io/hashicorp/aws\"]",
      "instances": [
        {
          "schema_version": 0,
          "attributes": {
            "arn": "arn:aws-us-gov:iam::050779347855:instance-profile/web-app-book-service",
            "create_date": "2022-07-15T03:23:02Z",
            "id": "web-app-book-service",
            "name": "web-app-book-service",
            "name_prefix": "",
            "path": "/",
            "role": "web-app-book-service",
            "tags": {},
            "tags_all": {},
            "unique_id": "AIPAQXUVPLOHUED3GVSYX"
          },
          "sensitive_attributes": []
        }
      ]
    },
    {
      "mode": "managed",
      "type": "aws_iam_instance_profile",
      "name": "web_app_collaboration_person_service",
      "provider": "provider[\"registry.terraform.io/hashicorp/aws\"]",
      "instances": [
        {
          "schema_version": 0,
          "attributes": {
            "arn": "arn:aws-us-gov:iam::050779347855:instance-profile/web-app-collaboration-person-service",
            "create_date": "2022-07-14T16:39:44Z",
            "id": "web-app-collaboration-person-service",
            "name": "web-app-collaboration-person-service",
            "name_prefix": "",
            "path": "/",
            "role": "web-app-collaboration-person-service",
            "tags": {},
            "tags_all": {},
            "unique_id": "AIPAQXUVPLOHXIVTH5Q32"
          },
          "sensitive_attributes": []
        }
      ]
    },
    {
      "mode": "managed",
      "type": "aws_iam_instance_profile",
      "name": "web_app_dbt_clinician_web",
      "provider": "provider[\"registry.terraform.io/hashicorp/aws\"]",
      "instances": [
        {
          "schema_version": 0,
          "attributes": {
            "arn": "arn:aws-us-gov:iam::050779347855:instance-profile/web-app-dbt-clinician-web",
            "create_date": "2022-05-17T15:15:46Z",
            "id": "web-app-dbt-clinician-web",
            "name": "web-app-dbt-clinician-web",
            "name_prefix": "",
            "path": "/",
            "role": "web-app-dbt-clinician-web",
            "tags": {},
            "tags_all": {},
            "unique_id": "AIPAQXUVPLOHXHW56K5OV"
          },
          "sensitive_attributes": []
        }
      ]
    },
    {
      "mode": "managed",
      "type": "aws_iam_instance_profile",
      "name": "web_app_form_service",
      "provider": "provider[\"registry.terraform.io/hashicorp/aws\"]",
      "instances": [
        {
          "schema_version": 0,
          "attributes": {
            "arn": "arn:aws-us-gov:iam::050779347855:instance-profile/web-app-form-service",
            "create_date": "2022-07-13T20:42:24Z",
            "id": "web-app-form-service",
            "name": "web-app-form-service",
            "name_prefix": "",
            "path": "/",
            "role": "web-app-form-service",
            "tags": {},
            "tags_all": {},
            "unique_id": "AIPAQXUVPLOHXVMVG7LQZ"
          },
          "sensitive_attributes": []
        }
      ]
    },
    {
      "mode": "managed",
      "type": "aws_iam_instance_profile",
      "name": "web_app_gateway",
      "provider": "provider[\"registry.terraform.io/hashicorp/aws\"]",
      "instances": [
        {
          "schema_version": 0,
          "attributes": {
            "arn": "arn:aws-us-gov:iam::050779347855:instance-profile/web-app-gateway",
            "create_date": "2022-06-21T14:56:29Z",
            "id": "web-app-gateway",
            "name": "web-app-gateway",
            "name_prefix": "",
            "path": "/",
            "role": "web-app-gateway",
            "tags": {},
            "tags_all": {},
            "unique_id": "AIPAQXUVPLOH6PUSDFIHA"
          },
          "sensitive_attributes": []
        }
      ]
    },
    {
      "mode": "managed",
      "type": "aws_iam_instance_profile",
      "name": "web_app_identity_service",
      "provider": "provider[\"registry.terraform.io/hashicorp/aws\"]",
      "instances": [
        {
          "schema_version": 0,
          "attributes": {
            "arn": "arn:aws-us-gov:iam::050779347855:instance-profile/web-app-identity-service",
            "create_date": "2022-06-30T01:07:56Z",
            "id": "web-app-identity-service",
            "name": "web-app-identity-service",
            "name_prefix": "",
            "path": "/",
            "role": "web-app-identity-service",
            "tags": {},
            "tags_all": {},
            "unique_id": "AIPAQXUVPLOH5XEBRLSEI"
          },
          "sensitive_attributes": []
        }
      ]
    },
    {
      "mode": "managed",
      "type": "aws_iam_instance_profile",
      "name": "web_app_market_service",
      "provider": "provider[\"registry.terraform.io/hashicorp/aws\"]",
      "instances": [
        {
          "schema_version": 0,
          "attributes": {
            "arn": "arn:aws-us-gov:iam::050779347855:instance-profile/web-app-market-service",
            "create_date": "2022-07-11T23:55:00Z",
            "id": "web-app-market-service",
            "name": "web-app-market-service",
            "name_prefix": "",
            "path": "/",
            "role": "web-app-market-service",
            "tags": {},
            "tags_all": {},
            "unique_id": "AIPAQXUVPLOHVBPDFVTOZ"
          },
          "sensitive_attributes": []
        }
      ]
    },
    {
      "mode": "managed",
      "type": "aws_iam_instance_profile",
      "name": "web_app_mobile_client_gateway",
      "provider": "provider[\"registry.terraform.io/hashicorp/aws\"]",
      "instances": [
        {
          "schema_version": 0,
          "attributes": {
            "arn": "arn:aws-us-gov:iam::050779347855:instance-profile/web-app-mobile-client-gateway",
            "create_date": "2022-05-17T17:53:28Z",
            "id": "web-app-mobile-client-gateway",
            "name": "web-app-mobile-client-gateway",
            "name_prefix": "",
            "path": "/",
            "role": "web-app-mobile-client-gateway",
            "tags": {},
            "tags_all": {},
            "unique_id": "AIPAQXUVPLOHW4W3QF6J7"
          },
          "sensitive_attributes": []
        }
      ]
    },
    {
      "mode": "managed",
      "type": "aws_iam_instance_profile",
      "name": "web_app_test_web_service",
      "provider": "provider[\"registry.terraform.io/hashicorp/aws\"]",
      "instances": [
        {
          "schema_version": 0,
          "attributes": {
            "arn": "arn:aws-us-gov:iam::050779347855:instance-profile/web-app-test-web-service",
            "create_date": "2022-06-17T02:26:33Z",
            "id": "web-app-test-web-service",
            "name": "web-app-test-web-service",
            "name_prefix": "",
            "path": "/",
            "role": "web-app-test-web-service",
            "tags": {},
            "tags_all": {},
            "unique_id": "AIPAQXUVPLOH7FVEPVXIJ"
          },
          "sensitive_attributes": []
        }
      ]
    },
    {
      "mode": "managed",
      "type": "aws_iam_policy",
      "name": "AWSGlueServiceRole_CrawlerGOVCloud",
      "provider": "provider[\"registry.terraform.io/hashicorp/aws\"]",
      "instances": [
        {
          "schema_version": 0,
          "attributes": {
            "arn": "arn:aws-us-gov:iam::050779347855:policy/service-role/AWSGlueServiceRole-CrawlerGOVCloud",
            "description": "This policy will be used for Glue Crawler and Job execution. Please do NOT delete!",
            "id": "arn:aws-us-gov:iam::050779347855:policy/service-role/AWSGlueServiceRole-CrawlerGOVCloud",
            "name": "AWSGlueServiceRole-CrawlerGOVCloud",
            "name_prefix": "",
            "path": "/service-role/",
            "policy": "{\"Statement\":[{\"Action\":[\"s3:*\",\"dynamodb:*\"],\"Effect\":\"Allow\",\"Resource\":\"*\",\"Sid\":\"VisualEditor0\"}],\"Version\":\"2012-10-17\"}",
            "policy_id": "ANPAQXUVPLOHUMCXVIBRT",
            "tags": {},
            "tags_all": {}
          },
          "sensitive_attributes": []
        }
      ]
    },
    {
      "mode": "managed",
      "type": "aws_iam_policy",
      "name": "AWSLambdaTracerAccessExecutionRole_5581a3b0_4107_4af2_97db_c9db00661e1f",
      "provider": "provider[\"registry.terraform.io/hashicorp/aws\"]",
      "instances": [
        {
          "schema_version": 0,
          "attributes": {
            "arn": "arn:aws-us-gov:iam::050779347855:policy/service-role/AWSLambdaTracerAccessExecutionRole-5581a3b0-4107-4af2-97db-c9db00661e1f",
            "description": "",
            "id": "arn:aws-us-gov:iam::050779347855:policy/service-role/AWSLambdaTracerAccessExecutionRole-5581a3b0-4107-4af2-97db-c9db00661e1f",
            "name": "AWSLambdaTracerAccessExecutionRole-5581a3b0-4107-4af2-97db-c9db00661e1f",
            "name_prefix": "",
            "path": "/service-role/",
            "policy": "{\"Statement\":[{\"Action\":[\"xray:PutTraceSegments\",\"xray:PutTelemetryRecords\"],\"Effect\":\"Allow\",\"Resource\":[\"*\"]}],\"Version\":\"2012-10-17\"}",
            "policy_id": "ANPAQXUVPLOH46F2NVR6Z",
            "tags": {},
            "tags_all": {}
          },
          "sensitive_attributes": []
        }
      ]
    },
    {
      "mode": "managed",
      "type": "aws_iam_policy",
      "name": "AWSLambdaTracerAccessExecutionRole_6a3ce6fa_3ed7_4eb4_a9fc_a93ef03bfbb1",
      "provider": "provider[\"registry.terraform.io/hashicorp/aws\"]",
      "instances": [
        {
          "schema_version": 0,
          "attributes": {
            "arn": "arn:aws-us-gov:iam::050779347855:policy/service-role/AWSLambdaTracerAccessExecutionRole-6a3ce6fa-3ed7-4eb4-a9fc-a93ef03bfbb1",
            "description": "",
            "id": "arn:aws-us-gov:iam::050779347855:policy/service-role/AWSLambdaTracerAccessExecutionRole-6a3ce6fa-3ed7-4eb4-a9fc-a93ef03bfbb1",
            "name": "AWSLambdaTracerAccessExecutionRole-6a3ce6fa-3ed7-4eb4-a9fc-a93ef03bfbb1",
            "name_prefix": "",
            "path": "/service-role/",
            "policy": "{\"Statement\":[{\"Action\":[\"xray:PutTraceSegments\",\"xray:PutTelemetryRecords\"],\"Effect\":\"Allow\",\"Resource\":[\"*\"]}],\"Version\":\"2012-10-17\"}",
            "policy_id": "ANPAQXUVPLOH2OT55AE6U",
            "tags": {},
            "tags_all": {}
          },
          "sensitive_attributes": []
        }
      ]
    },
    {
      "mode": "managed",
      "type": "aws_iam_policy",
      "name": "AmazonElasticTranscoder_JobsSubmitter",
      "provider": "provider[\"registry.terraform.io/hashicorp/aws\"]",
      "instances": [
        {
          "schema_version": 0,
          "attributes": {
            "arn": "arn:aws-us-gov:iam::050779347855:policy/AmazonElasticTranscoder_JobsSubmitter",
            "description": "",
            "id": "arn:aws-us-gov:iam::050779347855:policy/AmazonElasticTranscoder_JobsSubmitter",
            "name": "AmazonElasticTranscoder_JobsSubmitter",
            "name_prefix": "",
            "path": "/",
            "policy": "{\"Statement\":[{\"Action\":[\"s3:ListAllMyBuckets\",\"s3:ListBucket\",\"iam:ListRoles\",\"sns:ListTopics\"],\"Effect\":\"Allow\",\"Resource\":\"*\"}],\"Version\":\"2012-10-17\"}",
            "policy_id": "ANPAQXUVPLOHXYIB5GRFE",
            "tags": {},
            "tags_all": {}
          },
          "sensitive_attributes": []
        }
      ]
    },
    {
      "mode": "managed",
      "type": "aws_iam_policy",
      "name": "CloudFormationManageStacks",
      "provider": "provider[\"registry.terraform.io/hashicorp/aws\"]",
      "instances": [
        {
          "schema_version": 0,
          "attributes": {
            "arn": "arn:aws-us-gov:iam::050779347855:policy/CloudFormationManageStacks",
            "description": "Provides the ability to create and update CloudFormation stacks. This policy does not grant the ability to delete stacks.",
            "id": "arn:aws-us-gov:iam::050779347855:policy/CloudFormationManageStacks",
            "name": "CloudFormationManageStacks",
            "name_prefix": "",
            "path": "/",
            "policy": "{\"Statement\":[{\"Action\":[\"cloudformation:CreateUploadBucket\",\"cloudformation:ListExports\",\"cloudformation:CancelUpdateStack\",\"cloudformation:UpdateStackInstances\",\"cloudformation:ListStackSetOperations\",\"cloudformation:ListStackInstances\",\"cloudformation:DescribeStackResource\",\"cloudformation:UpdateStackSet\",\"cloudformation:CreateChangeSet\",\"cloudformation:CreateStackInstances\",\"cloudformation:ContinueUpdateRollback\",\"cloudformation:ListStackSetOperationResults\",\"cloudformation:EstimateTemplateCost\",\"cloudformation:DescribeStackEvents\",\"cloudformation:DescribeStackSetOperation\",\"cloudformation:UpdateStack\",\"cloudformation:DescribeAccountLimits\",\"cloudformation:StopStackSetOperation\",\"cloudformation:DescribeChangeSet\",\"cloudformation:CreateStackSet\",\"cloudformation:ExecuteChangeSet\",\"cloudformation:ListStackResources\",\"cloudformation:ListStacks\",\"cloudformation:ListImports\",\"cloudformation:DescribeStackInstance\",\"cloudformation:DescribeStackResources\",\"cloudformation:SignalResource\",\"cloudformation:GetTemplateSummary\",\"cloudformation:DescribeStacks\",\"cloudformation:GetStackPolicy\",\"cloudformation:DescribeStackSet\",\"cloudformation:ListStackSets\",\"cloudformation:CreateStack\",\"cloudformation:GetTemplate\",\"cloudformation:ValidateTemplate\",\"cloudformation:ListChangeSets\"],\"Effect\":\"Allow\",\"Resource\":\"*\"}],\"Version\":\"2012-10-17\"}",
            "policy_id": "ANPAQXUVPLOHUZNRVHKVA",
            "tags": {},
            "tags_all": {}
          },
          "sensitive_attributes": []
        }
      ]
    },
    {
      "mode": "managed",
      "type": "aws_iam_policy",
      "name": "CloudWatchLogsWriteLogs",
      "provider": "provider[\"registry.terraform.io/hashicorp/aws\"]",
      "instances": [
        {
          "schema_version": 0,
          "attributes": {
            "arn": "arn:aws-us-gov:iam::050779347855:policy/CloudWatchLogsWriteLogs",
            "description": "Provides access to write logs to CloudWatch Logs",
            "id": "arn:aws-us-gov:iam::050779347855:policy/CloudWatchLogsWriteLogs",
            "name": "CloudWatchLogsWriteLogs",
            "name_prefix": "",
            "path": "/",
            "policy": "{\"Statement\":[{\"Action\":[\"logs:CreateLogGroup\",\"logs:CreateLogStream\",\"logs:PutLogEvents\"],\"Effect\":\"Allow\",\"Resource\":\"arn:aws-us-gov:logs:*:*:*\"}],\"Version\":\"2012-10-17\"}",
            "policy_id": "ANPAQXUVPLOHXGDQUKBBY",
            "tags": {},
            "tags_all": {}
          },
          "sensitive_attributes": []
        }
      ]
    },
    {
      "mode": "managed",
      "type": "aws_iam_policy",
      "name": "CloudWatchWriteMetrics",
      "provider": "provider[\"registry.terraform.io/hashicorp/aws\"]",
      "instances": [
        {
          "schema_version": 0,
          "attributes": {
            "arn": "arn:aws-us-gov:iam::050779347855:policy/CloudWatchWriteMetrics",
            "description": "Put any metrics",
            "id": "arn:aws-us-gov:iam::050779347855:policy/CloudWatchWriteMetrics",
            "name": "CloudWatchWriteMetrics",
            "name_prefix": "",
            "path": "/",
            "policy": "{\"Statement\":[{\"Action\":[\"cloudwatch:PutMetricData\"],\"Effect\":\"Allow\",\"Resource\":\"*\"}],\"Version\":\"2012-10-17\"}",
            "policy_id": "ANPAQXUVPLOH6HPED242C",
            "tags": {},
            "tags_all": {}
          },
          "sensitive_attributes": []
        }
      ]
    },
    {
      "mode": "managed",
      "type": "aws_iam_policy",
      "name": "DB_Migrate_071122",
      "provider": "provider[\"registry.terraform.io/hashicorp/aws\"]",
      "instances": [
        {
          "schema_version": 0,
          "attributes": {
            "arn": "arn:aws-us-gov:iam::050779347855:policy/DB_Migrate_071122",
            "description": "",
            "id": "arn:aws-us-gov:iam::050779347855:policy/DB_Migrate_071122",
            "name": "DB_Migrate_071122",
            "name_prefix": "",
            "path": "/",
            "policy": "{\"Statement\":[{\"Action\":\"glue:*\",\"Effect\":\"Allow\",\"Resource\":\"*\",\"Sid\":\"VisualEditor0\"}],\"Version\":\"2012-10-17\"}",
            "policy_id": "ANPAQXUVPLOHQVIIVOWBG",
            "tags": {},
            "tags_all": {}
          },
          "sensitive_attributes": []
        }
      ]
    },
    {
      "mode": "managed",
      "type": "aws_iam_policy",
      "name": "DynamoDBAutoscalePolicy",
      "provider": "provider[\"registry.terraform.io/hashicorp/aws\"]",
      "instances": [
        {
          "schema_version": 0,
          "attributes": {
            "arn": "arn:aws-us-gov:iam::050779347855:policy/DynamoDBAutoscalePolicy",
            "description": "",
            "id": "arn:aws-us-gov:iam::050779347855:policy/DynamoDBAutoscalePolicy",
            "name": "DynamoDBAutoscalePolicy",
            "name_prefix": "",
            "path": "/",
            "policy": "{\"Statement\":[{\"Action\":[\"dynamodb:DescribeTable\",\"dynamodb:UpdateTable\",\"cloudwatch:PutMetricAlarm\",\"cloudwatch:DescribeAlarms\",\"cloudwatch:GetMetricStatistics\",\"cloudwatch:SetAlarmState\",\"cloudwatch:DeleteAlarms\"],\"Effect\":\"Allow\",\"Resource\":\"*\"}],\"Version\":\"2012-10-17\"}",
            "policy_id": "ANPAQXUVPLOHX64HPS2GT",
            "tags": {},
            "tags_all": {}
          },
          "sensitive_attributes": []
        }
      ]
    },
    {
      "mode": "managed",
      "type": "aws_iam_policy",
      "name": "ECRDeployer",
      "provider": "provider[\"registry.terraform.io/hashicorp/aws\"]",
      "instances": [
        {
          "schema_version": 0,
          "attributes": {
            "arn": "arn:aws-us-gov:iam::050779347855:policy/ECRDeployer",
            "description": "",
            "id": "arn:aws-us-gov:iam::050779347855:policy/ECRDeployer",
            "name": "ECRDeployer",
            "name_prefix": "",
            "path": "/",
            "policy": "{\"Statement\":[{\"Action\":[\"ecr:GetDownloadUrlForLayer\",\"ecr:BatchGetImage\",\"ecr:CompleteLayerUpload\",\"ecr:DescribeImages\",\"ecr:GetAuthorizationToken\",\"ecr:DescribeRepositories\",\"ecr:UploadLayerPart\",\"ecr:ListImages\",\"ecr:InitiateLayerUpload\",\"ecr:BatchCheckLayerAvailability\",\"ecr:GetRepositoryPolicy\",\"ecr:PutImage\"],\"Effect\":\"Allow\",\"Resource\":\"*\",\"Sid\":\"VisualEditor0\"}],\"Version\":\"2012-10-17\"}",
            "policy_id": "ANPAQXUVPLOHX7VHQZJVX",
            "tags": {},
            "tags_all": {}
          },
          "sensitive_attributes": []
        }
      ]
    },
    {
      "mode": "managed",
      "type": "aws_iam_policy",
      "name": "ECRServerDeveloper",
      "provider": "provider[\"registry.terraform.io/hashicorp/aws\"]",
      "instances": [
        {
          "schema_version": 0,
          "attributes": {
            "arn": "arn:aws-us-gov:iam::050779347855:policy/ECRServerDeveloper",
            "description": "",
            "id": "arn:aws-us-gov:iam::050779347855:policy/ECRServerDeveloper",
            "name": "ECRServerDeveloper",
            "name_prefix": "",
            "path": "/",
            "policy": "{\"Statement\":[{\"Action\":[\"ecr:CreateRepository\",\"ecr:GetDownloadUrlForLayer\",\"ecr:BatchGetImage\",\"ecr:DescribeImages\",\"ecr:GetAuthorizationToken\",\"ecr:DescribeRepositories\",\"ecr:ListImages\",\"ecr:BatchCheckLayerAvailability\",\"ecr:GetRepositoryPolicy\"],\"Effect\":\"Allow\",\"Resource\":\"*\",\"Sid\":\"VisualEditor0\"}],\"Version\":\"2012-10-17\"}",
            "policy_id": "ANPAQXUVPLOHSWZA7JMYS",
            "tags": {},
            "tags_all": {}
          },
          "sensitive_attributes": []
        }
      ]
    },
    {
      "mode": "managed",
      "type": "aws_iam_policy",
      "name": "ECSFullReadAccess",
      "provider": "provider[\"registry.terraform.io/hashicorp/aws\"]",
      "instances": [
        {
          "schema_version": 0,
          "attributes": {
            "arn": "arn:aws-us-gov:iam::050779347855:policy/ECSFullReadAccess",
            "description": "Provides full read access within ECS",
            "id": "arn:aws-us-gov:iam::050779347855:policy/ECSFullReadAccess",
            "name": "ECSFullReadAccess",
            "name_prefix": "",
            "path": "/",
            "policy": "{\"Statement\":[{\"Action\":[\"ecs:List*\",\"ecs:Describe*\"],\"Effect\":\"Allow\",\"Resource\":\"*\"}],\"Version\":\"2012-10-17\"}",
            "policy_id": "ANPAQXUVPLOHWBQNX24GD",
            "tags": {},
            "tags_all": {}
          },
          "sensitive_attributes": []
        }
      ]
    },
    {
      "mode": "managed",
      "type": "aws_iam_policy",
      "name": "ECSTaskDefinitionFullAccess",
      "provider": "provider[\"registry.terraform.io/hashicorp/aws\"]",
      "instances": [
        {
          "schema_version": 0,
          "attributes": {
            "arn": "arn:aws-us-gov:iam::050779347855:policy/ECSTaskDefinitionFullAccess",
            "description": "Provides full access for accessing EC2 Container Service Task Definitions.",
            "id": "arn:aws-us-gov:iam::050779347855:policy/ECSTaskDefinitionFullAccess",
            "name": "ECSTaskDefinitionFullAccess",
            "name_prefix": "",
            "path": "/",
            "policy": "{\"Statement\":[{\"Action\":[\"ecs:ListTaskDefinitionFamilies\",\"ecs:RegisterTaskDefinition\",\"ecs:ListTaskDefinitions\",\"ecs:DescribeTaskDefinition\"],\"Effect\":\"Allow\",\"Resource\":\"*\"},{\"Action\":\"iam:PassRole\",\"Effect\":\"Allow\",\"Resource\":[\"arn:aws-us-gov:iam::050779347855:role/*\"]}],\"Version\":\"2012-10-17\"}",
            "policy_id": "ANPAQXUVPLOHT3EK6FGJU",
            "tags": {},
            "tags_all": {}
          },
          "sensitive_attributes": []
        }
      ]
    },
    {
      "mode": "managed",
      "type": "aws_iam_policy",
      "name": "ECSUpdateServices",
      "provider": "provider[\"registry.terraform.io/hashicorp/aws\"]",
      "instances": [
        {
          "schema_version": 0,
          "attributes": {
            "arn": "arn:aws-us-gov:iam::050779347855:policy/ECSUpdateServices",
            "description": "Lets developers update ECS services",
            "id": "arn:aws-us-gov:iam::050779347855:policy/ECSUpdateServices",
            "name": "ECSUpdateServices",
            "name_prefix": "",
            "path": "/",
            "policy": "{\"Statement\":[{\"Action\":[\"ecs:List*\",\"ecs:Describe*\",\"ecs:UpdateService\",\"ecs:RunTask\",\"ecs:StartTask\",\"ecs:StopTask\"],\"Effect\":\"Allow\",\"Resource\":\"*\"}],\"Version\":\"2012-10-17\"}",
            "policy_id": "ANPAQXUVPLOHXJQ2XC3PC",
            "tags": {},
            "tags_all": {}
          },
          "sensitive_attributes": []
        }
      ]
    },
    {
      "mode": "managed",
      "type": "aws_iam_policy",
      "name": "ElasticBeanstalkDeployedService",
      "provider": "provider[\"registry.terraform.io/hashicorp/aws\"]",
      "instances": [
        {
          "schema_version": 0,
          "attributes": {
            "arn": "arn:aws-us-gov:iam::050779347855:policy/ElasticBeanstalkDeployedService",
            "description": "",
            "id": "arn:aws-us-gov:iam::050779347855:policy/ElasticBeanstalkDeployedService",
            "name": "ElasticBeanstalkDeployedService",
            "name_prefix": "",
            "path": "/",
            "policy": "{\"Statement\":[{\"Action\":[\"xray:GetSamplingStatisticSummaries\",\"ec2:Describe*\",\"autoscaling:Describe*\",\"xray:PutTelemetryRecords\",\"cloudwatch:*\",\"logs:*\",\"xray:GetSamplingRules\",\"xray:GetSamplingTargets\",\"xray:PutTraceSegments\"],\"Effect\":\"Allow\",\"Resource\":\"*\",\"Sid\":\"VisualEditor0\"},{\"Action\":\"elasticbeanstalk:PutInstanceStatistics\",\"Effect\":\"Allow\",\"Resource\":[\"arn:aws-us-gov:elasticbeanstalk:*:050779347855:environment/*/*\",\"arn:aws-us-gov:elasticbeanstalk:*:050779347855:application/*\"],\"Sid\":\"VisualEditor1\"},{\"Action\":\"s3:*\",\"Effect\":\"Allow\",\"Resource\":\"arn:aws-us-gov:s3:::elasticbeanstalk-us-gov-west-1-050779347855/*\",\"Sid\":\"VisualEditor2\"}],\"Version\":\"2012-10-17\"}",
            "policy_id": "ANPAQXUVPLOH3VK6BWDVN",
            "tags": {},
            "tags_all": {}
          },
          "sensitive_attributes": []
        }
      ]
    },
    {
      "mode": "managed",
      "type": "aws_iam_policy",
      "name": "ElasticBeanstalkReadOnlyAccess",
      "provider": "provider[\"registry.terraform.io/hashicorp/aws\"]",
      "instances": [
        {
          "schema_version": 0,
          "attributes": {
            "arn": "arn:aws-us-gov:iam::050779347855:policy/ElasticBeanstalkReadOnlyAccess",
            "description": "Provides read only access to Elastic Beanstalk environments.",
            "id": "arn:aws-us-gov:iam::050779347855:policy/ElasticBeanstalkReadOnlyAccess",
            "name": "ElasticBeanstalkReadOnlyAccess",
            "name_prefix": "",
            "path": "/",
            "policy": "{\"Statement\":[{\"Action\":[\"elasticbeanstalk:Check*\",\"elasticbeanstalk:Describe*\",\"elasticbeanstalk:List*\",\"elasticbeanstalk:RequestEnvironmentInfo\",\"elasticbeanstalk:RetrieveEnvironmentInfo\",\"ec2:Describe*\",\"elasticloadbalancing:Describe*\",\"autoscaling:Describe*\",\"cloudwatch:Describe*\",\"cloudwatch:List*\",\"cloudwatch:Get*\",\"sns:Get*\",\"sns:List*\",\"cloudformation:Describe*\",\"cloudformation:Get*\",\"cloudformation:List*\",\"cloudformation:Validate*\",\"cloudformation:Estimate*\",\"rds:Describe*\",\"sqs:Get*\",\"sqs:List*\"],\"Effect\":\"Allow\",\"Resource\":\"*\"},{\"Action\":[\"s3:Get*\",\"s3:List*\"],\"Effect\":\"Allow\",\"Resource\":[\"arn:aws-us-gov:s3:::elasticbeanstalk-*\",\"arn:aws-us-gov:s3:::cf-templates-*\",\"arn:aws-us-gov:s3:::allogy-web-services\",\"arn:aws-us-gov:s3:::allogy-web-services/*\"]}],\"Version\":\"2012-10-17\"}",
            "policy_id": "ANPAQXUVPLOHXCDJVYSW3",
            "tags": {},
            "tags_all": {}
          },
          "sensitive_attributes": []
        }
      ]
    },
    {
      "mode": "managed",
      "type": "aws_iam_policy",
      "name": "ElasticBeanstalkUpdateApplication",
      "provider": "provider[\"registry.terraform.io/hashicorp/aws\"]",
      "instances": [
        {
          "schema_version": 0,
          "attributes": {
            "arn": "arn:aws-us-gov:iam::050779347855:policy/ElasticBeanstalkUpdateApplication",
            "description": "Update existing applications. Does not permit deploying new application versions.",
            "id": "arn:aws-us-gov:iam::050779347855:policy/ElasticBeanstalkUpdateApplication",
            "name": "ElasticBeanstalkUpdateApplication",
            "name_prefix": "",
            "path": "/",
            "policy": "{\"Statement\":[{\"Action\":[\"elasticbeanstalk:DescribeAccountAttributes\",\"elasticbeanstalk:TerminateEnvironment\",\"elasticbeanstalk:DescribeEnvironmentManagedActionHistory\",\"elasticbeanstalk:ValidateConfigurationSettings\",\"elasticbeanstalk:CheckDNSAvailability\",\"elasticbeanstalk:ListTagsForResource\",\"elasticbeanstalk:DescribeEnvironmentResources\",\"elasticbeanstalk:RequestEnvironmentInfo\",\"elasticbeanstalk:RebuildEnvironment\",\"elasticbeanstalk:DescribeEnvironments\",\"elasticbeanstalk:DescribeInstancesHealth\",\"elasticbeanstalk:DescribeApplicationVersions\",\"elasticbeanstalk:DescribeEnvironmentHealth\",\"elasticbeanstalk:DescribeApplications\",\"elasticbeanstalk:DescribePlatformVersion\",\"elasticbeanstalk:RestartAppServer\",\"elasticbeanstalk:DescribeConfigurationSettings\",\"elasticbeanstalk:ListAvailableSolutionStacks\",\"elasticbeanstalk:ListPlatformVersions\",\"elasticbeanstalk:UpdateApplication\",\"elasticbeanstalk:DescribeEnvironmentManagedActions\",\"elasticbeanstalk:SwapEnvironmentCNAMEs\",\"elasticbeanstalk:DescribeConfigurationOptions\",\"elasticbeanstalk:DescribeEvents\",\"cloudformation:DeleteStack\",\"elasticbeanstalk:UpdateEnvironment\",\"elasticbeanstalk:RetrieveEnvironmentInfo\"],\"Effect\":\"Allow\",\"Resource\":\"*\"}],\"Version\":\"2012-10-17\"}",
            "policy_id": "ANPAQXUVPLOH7XZDH2NY6",
            "tags": {},
            "tags_all": {}
          },
          "sensitive_attributes": []
        }
      ]
    },
    {
      "mode": "managed",
      "type": "aws_iam_policy",
      "name": "ElasticSearchFullDomainAccess_ElasticSearchShared01",
      "provider": "provider[\"registry.terraform.io/hashicorp/aws\"]",
      "instances": [
        {
          "schema_version": 0,
          "attributes": {
            "arn": "arn:aws-us-gov:iam::050779347855:policy/ElasticSearchFullDomainAccess-ElasticSearchShared01",
            "description": "Provides full access to the ElasticSearch domain shared-01. The access is for HTTP methods.",
            "id": "arn:aws-us-gov:iam::050779347855:policy/ElasticSearchFullDomainAccess-ElasticSearchShared01",
            "name": "ElasticSearchFullDomainAccess-ElasticSearchShared01",
            "name_prefix": "",
            "path": "/",
            "policy": "{\"Statement\":[{\"Action\":\"es:ESHttp*\",\"Effect\":\"Allow\",\"Resource\":\"arn:aws-us-gov:es:us-gov-west-1:050779347855:domain/*\",\"Sid\":\"VisualEditor0\"}],\"Version\":\"2012-10-17\"}",
            "policy_id": "ANPAQXUVPLOHXHPXSCBXJ",
            "tags": {},
            "tags_all": {}
          },
          "sensitive_attributes": []
        }
      ]
    },
    {
      "mode": "managed",
      "type": "aws_iam_policy",
      "name": "ElasticSearchFullDomainAccess_ElasticSearchShared02",
      "provider": "provider[\"registry.terraform.io/hashicorp/aws\"]",
      "instances": [
        {
          "schema_version": 0,
          "attributes": {
            "arn": "arn:aws-us-gov:iam::050779347855:policy/ElasticSearchFullDomainAccess-ElasticSearchShared02",
            "description": "Provides full access to the ElasticSearch domain shared-02. The access is for HTTP methods.",
            "id": "arn:aws-us-gov:iam::050779347855:policy/ElasticSearchFullDomainAccess-ElasticSearchShared02",
            "name": "ElasticSearchFullDomainAccess-ElasticSearchShared02",
            "name_prefix": "",
            "path": "/",
            "policy": "{\"Statement\":[{\"Action\":\"es:ESHttp*\",\"Effect\":\"Allow\",\"Resource\":[\"arn:aws-us-gov:es:us-gov-west-1:050779347855:domain/shared-02\",\"arn:aws-us-gov:es:us-gov-west-1:050779347855:domain/shared-02/*\"]}],\"Version\":\"2012-10-17\"}",
            "policy_id": "ANPAQXUVPLOH5YCC2TBAE",
            "tags": {},
            "tags_all": {}
          },
          "sensitive_attributes": []
        }
      ]
    },
    {
      "mode": "managed",
      "type": "aws_iam_policy",
      "name": "NotificationServiceSnsAccountFullAccess",
      "provider": "provider[\"registry.terraform.io/hashicorp/aws\"]",
      "instances": [
        {
          "schema_version": 0,
          "attributes": {
            "arn": "arn:aws-us-gov:iam::050779347855:policy/NotificationServiceSnsAccountFullAccess",
            "description": "Provides the necessary permissions to access the Allogy account used for SNS access.",
            "id": "arn:aws-us-gov:iam::050779347855:policy/NotificationServiceSnsAccountFullAccess",
            "name": "NotificationServiceSnsAccountFullAccess",
            "name_prefix": "",
            "path": "/",
            "policy": "{\"Statement\":[{\"Action\":\"sts:AssumeRole\",\"Effect\":\"Allow\",\"Resource\":\"arn:aws-us-gov:iam::051043551360:role/allogy-access-sns\",\"Sid\":\"VisualEditor0\"}],\"Version\":\"2012-10-17\"}",
            "policy_id": "ANPAQXUVPLOHUESB7P6P7",
            "tags": {},
            "tags_all": {}
          },
          "sensitive_attributes": []
        }
      ]
    },
    {
      "mode": "managed",
      "type": "aws_iam_policy",
      "name": "ReadWebClientProjects",
      "provider": "provider[\"registry.terraform.io/hashicorp/aws\"]",
      "instances": [
        {
          "schema_version": 0,
          "attributes": {
            "arn": "arn:aws-us-gov:iam::050779347855:policy/ReadWebClientProjects",
            "description": "Provides access for reading all Web client projects.",
            "id": "arn:aws-us-gov:iam::050779347855:policy/ReadWebClientProjects",
            "name": "ReadWebClientProjects",
            "name_prefix": "",
            "path": "/",
            "policy": "{\"Statement\":[{\"Action\":[\"cloudfront:Get*\",\"cloudfront:List*\",\"s3:ListAllMyBuckets\"],\"Effect\":\"Allow\",\"Resource\":\"*\"},{\"Action\":[\"s3:Head*\",\"s3:Get*\",\"s3:List*\"],\"Effect\":\"Allow\",\"Resource\":[\"arn:aws-us-gov:s3:::*-web-ui\",\"arn:aws-us-gov:s3:::*-web-ui/*\"]}],\"Version\":\"2012-10-17\"}",
            "policy_id": "ANPAQXUVPLOH7V32MOM5K",
            "tags": {},
            "tags_all": {}
          },
          "sensitive_attributes": []
        }
      ]
    },
    {
      "mode": "managed",
      "type": "aws_iam_policy",
      "name": "SessionManagerMinimum",
      "provider": "provider[\"registry.terraform.io/hashicorp/aws\"]",
      "instances": [
        {
          "schema_version": 0,
          "attributes": {
            "arn": "arn:aws-us-gov:iam::050779347855:policy/SessionManagerMinimum",
            "description": "Minimum Policies for Session Manager",
            "id": "arn:aws-us-gov:iam::050779347855:policy/SessionManagerMinimum",
            "name": "SessionManagerMinimum",
            "name_prefix": "",
            "path": "/",
            "policy": "{\"Statement\":[{\"Action\":[\"ssm:UpdateInstanceInformation\",\"ssmmessages:CreateControlChannel\",\"ssmmessages:CreateDataChannel\",\"ssmmessages:OpenControlChannel\",\"ssmmessages:OpenDataChannel\"],\"Effect\":\"Allow\",\"Resource\":\"*\"},{\"Action\":[\"s3:GetEncryptionConfiguration\"],\"Effect\":\"Allow\",\"Resource\":\"*\"}],\"Version\":\"2012-10-17\"}",
            "policy_id": "ANPAQXUVPLOH73FWZURKL",
            "tags": {},
            "tags_all": {}
          },
          "sensitive_attributes": []
        }
      ]
    },
    {
      "mode": "managed",
      "type": "aws_iam_policy",
      "name": "StatesExecutionPolicy",
      "provider": "provider[\"registry.terraform.io/hashicorp/aws\"]",
      "instances": [
        {
          "schema_version": 0,
          "attributes": {
            "arn": "arn:aws-us-gov:iam::050779347855:policy/StatesExecutionPolicy",
            "description": "",
            "id": "arn:aws-us-gov:iam::050779347855:policy/StatesExecutionPolicy",
            "name": "StatesExecutionPolicy",
            "name_prefix": "",
            "path": "/",
            "policy": "{\"Statement\":[{\"Action\":[\"lambda:InvokeFunction\"],\"Effect\":\"Allow\",\"Resource\":\"*\"}],\"Version\":\"2012-10-17\"}",
            "policy_id": "ANPAQXUVPLOH7KYQP2N7B",
            "tags": {},
            "tags_all": {}
          },
          "sensitive_attributes": []
        }
      ]
    },
    {
      "mode": "managed",
      "type": "aws_iam_policy",
      "name": "UpdateDeveloperSecurityGroupRules",
      "provider": "provider[\"registry.terraform.io/hashicorp/aws\"]",
      "instances": [
        {
          "schema_version": 0,
          "attributes": {
            "arn": "arn:aws-us-gov:iam::050779347855:policy/UpdateDeveloperSecurityGroupRules",
            "description": "Allows a developer to add or remove allowed security group rules for access.",
            "id": "arn:aws-us-gov:iam::050779347855:policy/UpdateDeveloperSecurityGroupRules",
            "name": "UpdateDeveloperSecurityGroupRules",
            "name_prefix": "",
            "path": "/",
            "policy": "{\"Statement\":[{\"Action\":[\"ec2:RevokeSecurityGroupIngress\",\"ec2:AuthorizeSecurityGroupEgress\",\"ec2:AuthorizeSecurityGroupIngress\",\"ec2:RevokeSecurityGroupEgress\"],\"Condition\":{\"StringEquals\":{\"ec2:ResourceTag/Access\":\"Developer\"}},\"Effect\":\"Allow\",\"Resource\":\"*\"}],\"Version\":\"2012-10-17\"}",
            "policy_id": "ANPAQXUVPLOH4HOVXGMOQ",
            "tags": {},
            "tags_all": {}
          },
          "sensitive_attributes": []
        }
      ]
    },
    {
      "mode": "managed",
      "type": "aws_iam_policy",
      "name": "all_buckets_access",
      "provider": "provider[\"registry.terraform.io/hashicorp/aws\"]",
      "instances": [
        {
          "schema_version": 0,
          "attributes": {
            "arn": "arn:aws-us-gov:iam::050779347855:policy/all-buckets-access",
            "description": "",
            "id": "arn:aws-us-gov:iam::050779347855:policy/all-buckets-access",
            "name": "all-buckets-access",
            "name_prefix": "",
            "path": "/",
            "policy": "{\"Statement\":[{\"Action\":[\"s3:PutObject\",\"s3:GetObject\",\"s3:ListBucket\"],\"Effect\":\"Allow\",\"Resource\":\"*\",\"Sid\":\"VisualEditor0\"}],\"Version\":\"2012-10-17\"}",
            "policy_id": "ANPAQXUVPLOHT7R5LJYDY",
            "tags": {},
            "tags_all": {}
          },
          "sensitive_attributes": []
        }
      ]
    },
    {
      "mode": "managed",
      "type": "aws_iam_policy",
      "name": "allogy_dms_policy",
      "provider": "provider[\"registry.terraform.io/hashicorp/aws\"]",
      "instances": [
        {
          "schema_version": 0,
          "attributes": {
            "arn": "arn:aws-us-gov:iam::050779347855:policy/allogy-dms-policy",
            "description": "Policy to migrate the RDS DB",
            "id": "arn:aws-us-gov:iam::050779347855:policy/allogy-dms-policy",
            "name": "allogy-dms-policy",
            "name_prefix": "",
            "path": "/",
            "policy": "{\"Statement\":[{\"Action\":[\"dms:DescribeOrderableReplicationInstances\",\"dms:CreateReplicationSubnetGroup\",\"dms:DescribeEndpointSettings\",\"dms:DescribeConnections\",\"dms:DescribeReplicationInstances\",\"dms:DescribeEndpoints\",\"dms:DescribeReplicationSubnetGroups\",\"dms:DescribeReplicationTasks\",\"dms:ModifyEventSubscription\",\"dms:ModifyReplicationSubnetGroup\",\"dms:CreateReplicationInstance\",\"dms:DescribeAccountAttributes\",\"dms:CreateEventSubscription\",\"dms:DescribeCertificates\",\"dms:DescribeEvents\",\"dms:DescribeEventSubscriptions\",\"dms:ImportCertificate\",\"dms:CreateEndpoint\",\"dms:DescribeEndpointTypes\",\"dms:DescribeEventCategories\"],\"Effect\":\"Allow\",\"Resource\":\"*\",\"Sid\":\"VisualEditor0\"},{\"Action\":\"dms:*\",\"Effect\":\"Allow\",\"Resource\":[\"arn:aws-us-gov:dms:*:050779347855:endpoint:*\",\"arn:aws-us-gov:dms:*:050779347855:cert:*\",\"arn:aws-us-gov:dms:*:050779347855:rep:*\",\"arn:aws-us-gov:dms:*:050779347855:subgrp:*\",\"arn:aws-us-gov:dms:*:050779347855:es:*\",\"arn:aws-us-gov:dms:*:050779347855:assessment-run:*\",\"arn:aws-us-gov:dms:*:050779347855:task:*\"],\"Sid\":\"VisualEditor1\"}],\"Version\":\"2012-10-17\"}",
            "policy_id": "ANPAQXUVPLOHXEUHT3NEK",
            "tags": {},
            "tags_all": {}
          },
          "sensitive_attributes": []
        }
      ]
    },
    {
      "mode": "managed",
      "type": "aws_iam_policy",
      "name": "test",
      "provider": "provider[\"registry.terraform.io/hashicorp/aws\"]",
      "instances": [
        {
          "schema_version": 0,
          "attributes": {
            "arn": "arn:aws-us-gov:iam::050779347855:policy/test",
            "description": "",
            "id": "arn:aws-us-gov:iam::050779347855:policy/test",
            "name": "test",
            "name_prefix": "",
            "path": "/",
            "policy": "{\"Statement\":[{\"Action\":\"es:*\",\"Effect\":\"Allow\",\"Resource\":\"*\",\"Sid\":\"VisualEditor0\"}],\"Version\":\"2012-10-17\"}",
            "policy_id": "ANPAQXUVPLOHYE3SUOEYA",
            "tags": {},
            "tags_all": {}
          },
          "sensitive_attributes": []
        }
      ]
    },
    {
      "mode": "managed",
      "type": "aws_iam_role",
      "name": "AWSGlueServiceRole_CrawlerGOVCloud",
      "provider": "provider[\"registry.terraform.io/hashicorp/aws\"]",
      "instances": [
        {
          "schema_version": 0,
          "attributes": {
            "arn": "arn:aws-us-gov:iam::050779347855:role/service-role/AWSGlueServiceRole-CrawlerGOVCloud",
            "assume_role_policy": "{\"Version\": \"2012-10-17\", \"Statement\": [{\"Effect\": \"Allow\", \"Principal\": {\"Service\": \"glue.amazonaws.com\"}, \"Action\": \"sts:AssumeRole\"}]}",
            "create_date": "2022-07-11T17:47:31Z",
            "description": "",
            "force_detach_policies": null,
            "id": "AWSGlueServiceRole-CrawlerGOVCloud",
            "inline_policy": [],
            "managed_policy_arns": [
              "arn:aws-us-gov:iam::050779347855:policy/service-role/AWSGlueServiceRole-CrawlerGOVCloud",
              "arn:aws-us-gov:iam::aws:policy/service-role/AWSGlueServiceRole"
            ],
            "max_session_duration": 3600,
            "name": "AWSGlueServiceRole-CrawlerGOVCloud",
            "name_prefix": "",
            "path": "/service-role/",
            "permissions_boundary": null,
            "role_last_used": [],
            "tags": {},
            "tags_all": {},
            "unique_id": "AROAQXUVPLOHT2QLDJT34"
          },
          "sensitive_attributes": []
        }
      ]
    },
    {
      "mode": "managed",
      "type": "aws_iam_role",
      "name": "AWSReservedSSO_AdministratorAccess_ba963073b9e50b41",
      "provider": "provider[\"registry.terraform.io/hashicorp/aws\"]",
      "instances": [
        {
          "schema_version": 0,
          "attributes": {
            "arn": "arn:aws-us-gov:iam::050779347855:role/aws-reserved/sso.amazonaws.com/us-gov-west-1/AWSReservedSSO_AdministratorAccess_ba963073b9e50b41",
            "assume_role_policy": "{\"Version\": \"2012-10-17\", \"Statement\": [{\"Effect\": \"Allow\", \"Principal\": {\"Federated\": \"arn:aws-us-gov:iam::050779347855:saml-provider/AWSSSO_b1d09a718c9a0d64_DO_NOT_DELETE\"}, \"Action\": [\"sts:AssumeRoleWithSAML\", \"sts:TagSession\"], \"Condition\": {\"StringEquals\": {\"SAML:aud\": \"https://signin.amazonaws-us-gov.com/saml\"}}}]}",
            "create_date": "2022-05-10T02:03:10Z",
            "description": "Full Unrestricted Administrator Access (unless otherwise restricted by Service Control Policy)",
            "force_detach_policies": null,
            "id": "AWSReservedSSO_AdministratorAccess_ba963073b9e50b41",
            "inline_policy": [],
            "managed_policy_arns": [
              "arn:aws-us-gov:iam::aws:policy/AdministratorAccess"
            ],
            "max_session_duration": 43200,
            "name": "AWSReservedSSO_AdministratorAccess_ba963073b9e50b41",
            "name_prefix": "",
            "path": "/aws-reserved/sso.amazonaws.com/us-gov-west-1/",
            "permissions_boundary": null,
            "role_last_used": [],
            "tags": {},
            "tags_all": {},
            "unique_id": "AROAQXUVPLOH4IWRFXAKC"
          },
          "sensitive_attributes": []
        }
      ]
    },
    {
      "mode": "managed",
      "type": "aws_iam_role",
      "name": "AWSReservedSSO_CodeCommitDeveloperAccess_695963510000a9f5",
      "provider": "provider[\"registry.terraform.io/hashicorp/aws\"]",
      "instances": [
        {
          "schema_version": 0,
          "attributes": {
            "arn": "arn:aws-us-gov:iam::050779347855:role/aws-reserved/sso.amazonaws.com/us-gov-west-1/AWSReservedSSO_CodeCommitDeveloperAccess_695963510000a9f5",
            "assume_role_policy": "{\"Version\": \"2012-10-17\", \"Statement\": [{\"Effect\": \"Allow\", \"Principal\": {\"Federated\": \"arn:aws-us-gov:iam::050779347855:saml-provider/AWSSSO_b1d09a718c9a0d64_DO_NOT_DELETE\"}, \"Action\": [\"sts:AssumeRoleWithSAML\", \"sts:TagSession\"], \"Condition\": {\"StringEquals\": {\"SAML:aud\": \"https://signin.amazonaws-us-gov.com/saml\"}}}]}",
            "create_date": "2022-06-25T18:03:58Z",
            "description": "This permission set gives the user access to work with CodeCommit for common developer tasks.",
            "force_detach_policies": null,
            "id": "AWSReservedSSO_CodeCommitDeveloperAccess_695963510000a9f5",
            "inline_policy": [
              {
                "name": "AwsSSOInlinePolicy",
                "policy": "{\"Version\":\"2012-10-17\",\"Statement\":[{\"Action\":[\"codecommit:GitPull\",\"codecommit:GitPush\",\"codecommit:ListRepositories\"],\"Effect\":\"Allow\",\"Resource\":\"*\",\"Sid\":\"CodeCommitDeveloperAccess\"}]}"
              }
            ],
            "managed_policy_arns": [],
            "max_session_duration": 43200,
            "name": "AWSReservedSSO_CodeCommitDeveloperAccess_695963510000a9f5",
            "name_prefix": "",
            "path": "/aws-reserved/sso.amazonaws.com/us-gov-west-1/",
            "permissions_boundary": null,
            "role_last_used": [],
            "tags": {},
            "tags_all": {},
            "unique_id": "AROAQXUVPLOH764SJ4JVR"
          },
          "sensitive_attributes": []
        }
      ]
    },
    {
      "mode": "managed",
      "type": "aws_iam_role",
      "name": "AWSReservedSSO_DevOpsConsultant_e1d91335052207a3",
      "provider": "provider[\"registry.terraform.io/hashicorp/aws\"]",
      "instances": [
        {
          "schema_version": 0,
          "attributes": {
            "arn": "arn:aws-us-gov:iam::050779347855:role/aws-reserved/sso.amazonaws.com/us-gov-west-1/AWSReservedSSO_DevOpsConsultant_e1d91335052207a3",
            "assume_role_policy": "{\"Version\": \"2012-10-17\", \"Statement\": [{\"Effect\": \"Allow\", \"Principal\": {\"Federated\": \"arn:aws-us-gov:iam::050779347855:saml-provider/AWSSSO_b1d09a718c9a0d64_DO_NOT_DELETE\"}, \"Action\": [\"sts:AssumeRoleWithSAML\", \"sts:TagSession\"], \"Condition\": {\"StringEquals\": {\"SAML:aud\": \"https://signin.amazonaws-us-gov.com/saml\"}}}]}",
            "create_date": "2022-06-07T22:09:39Z",
            "description": "Allogy managed permission set for DevOpsConsultant",
            "force_detach_policies": null,
            "id": "AWSReservedSSO_DevOpsConsultant_e1d91335052207a3",
            "inline_policy": [],
            "managed_policy_arns": [
              "arn:aws-us-gov:iam::aws:policy/AWSCloudMapReadOnlyAccess",
              "arn:aws-us-gov:iam::aws:policy/ReadOnlyAccess",
              "arn:aws-us-gov:iam::aws:policy/SecurityAudit",
              "arn:aws-us-gov:iam::aws:policy/job-function/ViewOnlyAccess"
            ],
            "max_session_duration": 43200,
            "name": "AWSReservedSSO_DevOpsConsultant_e1d91335052207a3",
            "name_prefix": "",
            "path": "/aws-reserved/sso.amazonaws.com/us-gov-west-1/",
            "permissions_boundary": null,
            "role_last_used": [],
            "tags": {},
            "tags_all": {},
            "unique_id": "AROAQXUVPLOH77PWU435M"
          },
          "sensitive_attributes": []
        }
      ]
    },
    {
      "mode": "managed",
      "type": "aws_iam_role",
      "name": "AWSReservedSSO_PowerUser_4840ab8c0aa8c0f7",
      "provider": "provider[\"registry.terraform.io/hashicorp/aws\"]",
      "instances": [
        {
          "schema_version": 0,
          "attributes": {
            "arn": "arn:aws-us-gov:iam::050779347855:role/aws-reserved/sso.amazonaws.com/us-gov-west-1/AWSReservedSSO_PowerUser_4840ab8c0aa8c0f7",
            "assume_role_policy": "{\"Version\": \"2012-10-17\", \"Statement\": [{\"Effect\": \"Allow\", \"Principal\": {\"Federated\": \"arn:aws-us-gov:iam::050779347855:saml-provider/AWSSSO_b1d09a718c9a0d64_DO_NOT_DELETE\"}, \"Action\": [\"sts:AssumeRoleWithSAML\", \"sts:TagSession\"], \"Condition\": {\"StringEquals\": {\"SAML:aud\": \"https://signin.amazonaws-us-gov.com/saml\"}}}]}",
            "create_date": "2022-06-07T22:09:37Z",
            "description": "Allogy managed SSO permission set - PowerUser",
            "force_detach_policies": null,
            "id": "AWSReservedSSO_PowerUser_4840ab8c0aa8c0f7",
            "inline_policy": [],
            "managed_policy_arns": [
              "arn:aws-us-gov:iam::aws:policy/PowerUserAccess",
              "arn:aws-us-gov:iam::aws:policy/job-function/ViewOnlyAccess"
            ],
            "max_session_duration": 43200,
            "name": "AWSReservedSSO_PowerUser_4840ab8c0aa8c0f7",
            "name_prefix": "",
            "path": "/aws-reserved/sso.amazonaws.com/us-gov-west-1/",
            "permissions_boundary": null,
            "role_last_used": [],
            "tags": {},
            "tags_all": {},
            "unique_id": "AROAQXUVPLOH5E2CJLYPV"
          },
          "sensitive_attributes": []
        }
      ]
    },
    {
      "mode": "managed",
      "type": "aws_iam_role",
      "name": "AWSReservedSSO_SecurityAuditor_e2e2445e379226e2",
      "provider": "provider[\"registry.terraform.io/hashicorp/aws\"]",
      "instances": [
        {
          "schema_version": 0,
          "attributes": {
            "arn": "arn:aws-us-gov:iam::050779347855:role/aws-reserved/sso.amazonaws.com/us-gov-west-1/AWSReservedSSO_SecurityAuditor_e2e2445e379226e2",
            "assume_role_policy": "{\"Version\": \"2012-10-17\", \"Statement\": [{\"Effect\": \"Allow\", \"Principal\": {\"Federated\": \"arn:aws-us-gov:iam::050779347855:saml-provider/AWSSSO_b1d09a718c9a0d64_DO_NOT_DELETE\"}, \"Action\": [\"sts:AssumeRoleWithSAML\", \"sts:TagSession\"], \"Condition\": {\"StringEquals\": {\"SAML:aud\": \"https://signin.amazonaws-us-gov.com/saml\"}}}]}",
            "create_date": "2022-05-10T02:03:08Z",
            "description": "ViewOnly access with security level simulation abilities",
            "force_detach_policies": null,
            "id": "AWSReservedSSO_SecurityAuditor_e2e2445e379226e2",
            "inline_policy": [],
            "managed_policy_arns": [
              "arn:aws-us-gov:iam::aws:policy/SecurityAudit",
              "arn:aws-us-gov:iam::aws:policy/job-function/ViewOnlyAccess"
            ],
            "max_session_duration": 43200,
            "name": "AWSReservedSSO_SecurityAuditor_e2e2445e379226e2",
            "name_prefix": "",
            "path": "/aws-reserved/sso.amazonaws.com/us-gov-west-1/",
            "permissions_boundary": null,
            "role_last_used": [],
            "tags": {},
            "tags_all": {},
            "unique_id": "AROAQXUVPLOH54X6X4TNP"
          },
          "sensitive_attributes": []
        }
      ]
    },
    {
      "mode": "managed",
      "type": "aws_iam_role",
      "name": "AWSReservedSSO_ServerDeveloper_bb91c899fbe6b7a6",
      "provider": "provider[\"registry.terraform.io/hashicorp/aws\"]",
      "instances": [
        {
          "schema_version": 0,
          "attributes": {
            "arn": "arn:aws-us-gov:iam::050779347855:role/aws-reserved/sso.amazonaws.com/us-gov-west-1/AWSReservedSSO_ServerDeveloper_bb91c899fbe6b7a6",
            "assume_role_policy": "{\"Version\": \"2012-10-17\", \"Statement\": [{\"Effect\": \"Allow\", \"Principal\": {\"Federated\": \"arn:aws-us-gov:iam::050779347855:saml-provider/AWSSSO_b1d09a718c9a0d64_DO_NOT_DELETE\"}, \"Action\": [\"sts:AssumeRoleWithSAML\", \"sts:TagSession\"], \"Condition\": {\"StringEquals\": {\"SAML:aud\": \"https://signin.amazonaws-us-gov.com/saml\"}}}]}",
            "create_date": "2022-06-07T22:16:58Z",
            "description": "Allogy Managed SSO for ServerDevelopers",
            "force_detach_policies": null,
            "id": "AWSReservedSSO_ServerDeveloper_bb91c899fbe6b7a6",
            "inline_policy": [
              {
                "name": "AwsSSOInlinePolicy",
                "policy": "{\"Version\":\"2012-10-17\",\"Statement\":[{\"Action\":[\"s3:Get*\",\"s3:List*\"],\"Effect\":\"Allow\",\"Resource\":[\"arn:aws-us-gov:s3:::allogy-book-*\",\"arn:aws-us-gov:s3:::allogy-book-*/*\",\"arn:aws-us-gov:s3:::allogy-learning-*\",\"arn:aws-us-gov:s3:::allogy-learning-*/*\"],\"Sid\":\"AllogyProductionBucketsReadAccess\"},{\"Action\":[\"ecr:CreateRepository\",\"ecr:GetDownloadUrlForLayer\",\"ecr:BatchGetImage\",\"ecr:DescribeImages\",\"ecr:GetAuthorizationToken\",\"ecr:DescribeRepositories\",\"ecr:ListImages\",\"ecr:BatchCheckLayerAvailability\",\"ecr:GetRepositoryPolicy\"],\"Effect\":\"Allow\",\"Resource\":\"*\",\"Sid\":\"ECRServerDeveloper\"},{\"Action\":[\"ecs:UpdateService\",\"ecs:CreateService\",\"servicediscovery:CreateService\",\"servicediscovery:UpdateService\"],\"Effect\":\"Allow\",\"Resource\":\"*\",\"Sid\":\"ECSDeployToService\"},{\"Action\":[\"elasticbeanstalk:Check*\",\"elasticbeanstalk:Describe*\",\"elasticbeanstalk:List*\",\"elasticbeanstalk:RequestEnvironmentInfo\",\"elasticbeanstalk:RetrieveEnvironmentInfo\",\"ec2:Describe*\",\"elasticloadbalancing:Describe*\",\"autoscaling:Describe*\",\"cloudwatch:Describe*\",\"cloudwatch:List*\",\"cloudwatch:Get*\",\"sns:Get*\",\"sns:List*\",\"cloudformation:Describe*\",\"cloudformation:Get*\",\"cloudformation:List*\",\"cloudformation:Validate*\",\"cloudformation:Estimate*\",\"rds:Describe*\",\"sqs:Get*\",\"sqs:List*\"],\"Effect\":\"Allow\",\"Resource\":\"*\",\"Sid\":\"ElasticBeanstalkReadOnlyAccess\"},{\"Action\":[\"s3:Get*\",\"s3:List*\"],\"Effect\":\"Allow\",\"Resource\":[\"arn:aws-us-gov:s3:::elasticbeanstalk-us-east-1-250188540659\",\"arn:aws-us-gov:s3:::elasticbeanstalk-us-east-1-250188540659/*\",\"arn:aws-us-gov:s3:::cf-templates-pwv9stqkd2gy-us-east-1\",\"arn:aws-us-gov:s3:::cf-templates-pwv9stqkd2gy-us-east-1/*\",\"arn:aws-us-gov:s3:::allogy-web-services\",\"arn:aws-us-gov:s3:::allogy-web-services/*\",\"*\"]},{\"Action\":[\"elasticbeanstalk:DescribeAccountAttributes\",\"elasticbeanstalk:TerminateEnvironment\",\"elasticbeanstalk:DescribeEnvironmentManagedActionHistory\",\"elasticbeanstalk:ValidateConfigurationSettings\",\"elasticbeanstalk:CheckDNSAvailability\",\"elasticbeanstalk:ListTagsForResource\",\"elasticbeanstalk:DescribeEnvironmentResources\",\"elasticbeanstalk:RequestEnvironmentInfo\",\"elasticbeanstalk:RebuildEnvironment\",\"elasticbeanstalk:DescribeEnvironments\",\"elasticbeanstalk:DescribeInstancesHealth\",\"elasticbeanstalk:DescribeApplicationVersions\",\"elasticbeanstalk:DescribeEnvironmentHealth\",\"elasticbeanstalk:DescribeApplications\",\"elasticbeanstalk:DescribePlatformVersion\",\"elasticbeanstalk:RestartAppServer\",\"elasticbeanstalk:DescribeConfigurationSettings\",\"elasticbeanstalk:ListAvailableSolutionStacks\",\"elasticbeanstalk:ListPlatformVersions\",\"elasticbeanstalk:UpdateApplication\",\"elasticbeanstalk:DescribeEnvironmentManagedActions\",\"elasticbeanstalk:SwapEnvironmentCNAMEs\",\"elasticbeanstalk:DescribeConfigurationOptions\",\"elasticbeanstalk:DescribeEvents\",\"cloudformation:DeleteStack\",\"elasticbeanstalk:UpdateEnvironment\",\"elasticbeanstalk:RetrieveEnvironmentInfo\"],\"Effect\":\"Allow\",\"Resource\":\"*\",\"Sid\":\"ElasticBeanstalkUpdateApplication\"},{\"Action\":[\"codecommit:GetTree\",\"codecommit:ListPullRequests\",\"codecommit:GetBlob\",\"codecommit:PutFile\",\"codecommit:GetReferences\",\"codecommit:GetCommentsForComparedCommit\",\"codecommit:GetCommit\",\"codecommit:GetComment\",\"codecommit:GetCommitHistory\",\"codecommit:GetCommitsFromMergeBase\",\"codecommit:DescribePullRequestEvents\",\"codecommit:GetPullRequest\",\"codecommit:ListBranches\",\"codecommit:GetRepositoryTriggers\",\"codecommit:GitPull\",\"codecommit:BatchGetRepositories\",\"codecommit:GetCommentsForPullRequest\",\"codecommit:GetObjectIdentifier\",\"codecommit:CancelUploadArchive\",\"codecommit:BatchGetPullRequests\",\"codecommit:GetUploadArchiveStatus\",\"codecommit:GetDifferences\",\"codecommit:GetRepository\",\"codecommit:GetBranch\",\"codecommit:GetMergeConflicts\",\"codecommit:GitPush\"],\"Effect\":\"Allow\",\"Resource\":[\"arn:aws-us-gov:codecommit:us-east-1:250188540659:cloud-config-repository-production\",\"arn:aws-us-gov:codecommit:us-east-1:250188540659:cloud-config-repository-integration\"],\"Sid\":\"SpringCloudConfigProductionAccess\"},{\"Action\":\"codecommit:ListRepositories\",\"Effect\":\"Allow\",\"Resource\":\"*\"},{\"Action\":[\"ec2:RevokeSecurityGroupIngress\",\"ec2:AuthorizeSecurityGroupEgress\",\"ec2:AuthorizeSecurityGroupIngress\",\"ec2:UpdateSecurityGroupRuleDescriptionsEgress\",\"ec2:RevokeSecurityGroupEgress\",\"ec2:UpdateSecurityGroupRuleDescriptionsIngress\"],\"Effect\":\"Allow\",\"Resource\":[\"arn:aws-us-gov:ec2:*:*:security-group/sg-220ca35a\",\"arn:aws-us-gov:ec2:*:*:security-group/sg-e5532482\"],\"Sid\":\"VisualEditor0\"},{\"Action\":\"cloudwatch:PutDashboard\",\"Effect\":\"Allow\",\"Resource\":\"*\",\"Sid\":\"BasicCloudWatchModifications\"},{\"Action\":[\"s3:PutAccountPublicAccessBlock\",\"s3:GetAccountPublicAccessBlock\",\"s3:ListAllMyBuckets\",\"s3:ListJobs\",\"s3:CreateJob\"],\"Effect\":\"Allow\",\"Resource\":\"*\",\"Sid\":\"McdsRedirectLinks\"},{\"Action\":\"s3:*\",\"Effect\":\"Allow\",\"Resource\":[\"arn:aws-us-gov:s3:::mcds-redirect-links\",\"arn:aws-us-gov:s3:::mcds-redirect-links/*\"],\"Sid\":\"VisualEditor1\"}]}"
              }
            ],
            "managed_policy_arns": [
              "arn:aws-us-gov:iam::aws:policy/AWSSupportAccess",
              "arn:aws-us-gov:iam::aws:policy/CloudWatchLogsReadOnlyAccess",
              "arn:aws-us-gov:iam::aws:policy/ReadOnlyAccess",
              "arn:aws-us-gov:iam::aws:policy/job-function/ViewOnlyAccess"
            ],
            "max_session_duration": 43200,
            "name": "AWSReservedSSO_ServerDeveloper_bb91c899fbe6b7a6",
            "name_prefix": "",
            "path": "/aws-reserved/sso.amazonaws.com/us-gov-west-1/",
            "permissions_boundary": null,
            "role_last_used": [],
            "tags": {},
            "tags_all": {},
            "unique_id": "AROAQXUVPLOH6HOYMKLS3"
          },
          "sensitive_attributes": []
        }
      ]
    },
    {
      "mode": "managed",
      "type": "aws_iam_role",
      "name": "AWSReservedSSO_SystemAdministrator_62d762355983f553",
      "provider": "provider[\"registry.terraform.io/hashicorp/aws\"]",
      "instances": [
        {
          "schema_version": 0,
          "attributes": {
            "arn": "arn:aws-us-gov:iam::050779347855:role/aws-reserved/sso.amazonaws.com/us-gov-west-1/AWSReservedSSO_SystemAdministrator_62d762355983f553",
            "assume_role_policy": "{\"Version\": \"2012-10-17\", \"Statement\": [{\"Effect\": \"Allow\", \"Principal\": {\"Federated\": \"arn:aws-us-gov:iam::050779347855:saml-provider/AWSSSO_b1d09a718c9a0d64_DO_NOT_DELETE\"}, \"Action\": [\"sts:AssumeRoleWithSAML\", \"sts:TagSession\"], \"Condition\": {\"StringEquals\": {\"SAML:aud\": \"https://signin.amazonaws-us-gov.com/saml\"}}}]}",
            "create_date": "2022-05-10T02:03:09Z",
            "description": "",
            "force_detach_policies": null,
            "id": "AWSReservedSSO_SystemAdministrator_62d762355983f553",
            "inline_policy": [],
            "managed_policy_arns": [
              "arn:aws-us-gov:iam::aws:policy/job-function/SystemAdministrator"
            ],
            "max_session_duration": 43200,
            "name": "AWSReservedSSO_SystemAdministrator_62d762355983f553",
            "name_prefix": "",
            "path": "/aws-reserved/sso.amazonaws.com/us-gov-west-1/",
            "permissions_boundary": null,
            "role_last_used": [],
            "tags": {},
            "tags_all": {},
            "unique_id": "AROAQXUVPLOH6VFFPRMNC"
          },
          "sensitive_attributes": []
        }
      ]
    },
    {
      "mode": "managed",
      "type": "aws_iam_role",
      "name": "AWSReservedSSO_WebClientDeveloper_9565f2e5528c3ce2",
      "provider": "provider[\"registry.terraform.io/hashicorp/aws\"]",
      "instances": [
        {
          "schema_version": 0,
          "attributes": {
            "arn": "arn:aws-us-gov:iam::050779347855:role/aws-reserved/sso.amazonaws.com/us-gov-west-1/AWSReservedSSO_WebClientDeveloper_9565f2e5528c3ce2",
            "assume_role_policy": "{\"Version\": \"2012-10-17\", \"Statement\": [{\"Effect\": \"Allow\", \"Principal\": {\"Federated\": \"arn:aws-us-gov:iam::050779347855:saml-provider/AWSSSO_b1d09a718c9a0d64_DO_NOT_DELETE\"}, \"Action\": [\"sts:AssumeRoleWithSAML\", \"sts:TagSession\"], \"Condition\": {\"StringEquals\": {\"SAML:aud\": \"https://signin.amazonaws-us-gov.com/saml\"}}}]}",
            "create_date": "2022-06-07T22:13:39Z",
            "description": "Allogy Managed SSO Role for WebClientDeveloper\n",
            "force_detach_policies": null,
            "id": "AWSReservedSSO_WebClientDeveloper_9565f2e5528c3ce2",
            "inline_policy": [
              {
                "name": "AwsSSOInlinePolicy",
                "policy": "{\"Version\":\"2012-10-17\",\"Statement\":[{\"Action\":[\"cloudfront:Get*\",\"cloudfront:List*\",\"s3:ListAllMyBuckets\"],\"Effect\":\"Allow\",\"Resource\":\"*\"},{\"Action\":[\"s3:Get*\",\"s3:List*\"],\"Effect\":\"Allow\",\"Resource\":[\"arn:aws-us-gov:s3:::*-web-ui\",\"arn:aws-us-gov:s3:::*-web-ui/*\"]}]}"
              }
            ],
            "managed_policy_arns": [],
            "max_session_duration": 43200,
            "name": "AWSReservedSSO_WebClientDeveloper_9565f2e5528c3ce2",
            "name_prefix": "",
            "path": "/aws-reserved/sso.amazonaws.com/us-gov-west-1/",
            "permissions_boundary": null,
            "role_last_used": [],
            "tags": {},
            "tags_all": {},
            "unique_id": "AROAQXUVPLOHYJWOV4IR6"
          },
          "sensitive_attributes": []
        }
      ]
    },
    {
      "mode": "managed",
      "type": "aws_iam_role",
      "name": "AWSServiceRoleForAPIGateway",
      "provider": "provider[\"registry.terraform.io/hashicorp/aws\"]",
      "instances": [
        {
          "schema_version": 0,
          "attributes": {
            "arn": "arn:aws-us-gov:iam::050779347855:role/aws-service-role/ops.apigateway.amazonaws.com/AWSServiceRoleForAPIGateway",
            "assume_role_policy": "{\"Version\": \"2012-10-17\", \"Statement\": [{\"Effect\": \"Allow\", \"Principal\": {\"Service\": \"ops.apigateway.amazonaws.com\"}, \"Action\": \"sts:AssumeRole\"}]}",
            "create_date": "2022-07-14T03:06:30Z",
            "description": "The Service Linked Role is used by Amazon API Gateway.",
            "force_detach_policies": null,
            "id": "AWSServiceRoleForAPIGateway",
            "inline_policy": [],
            "managed_policy_arns": [
              "arn:aws-us-gov:iam::aws:policy/aws-service-role/APIGatewayServiceRolePolicy"
            ],
            "max_session_duration": 3600,
            "name": "AWSServiceRoleForAPIGateway",
            "name_prefix": "",
            "path": "/aws-service-role/ops.apigateway.amazonaws.com/",
            "permissions_boundary": null,
            "role_last_used": [],
            "tags": {},
            "tags_all": {},
            "unique_id": "AROAQXUVPLOHVLYXNWFDR"
          },
          "sensitive_attributes": []
        }
      ]
    },
    {
      "mode": "managed",
      "type": "aws_iam_role",
      "name": "AWSServiceRoleForAmazonElasticsearchService",
      "provider": "provider[\"registry.terraform.io/hashicorp/aws\"]",
      "instances": [
        {
          "schema_version": 0,
          "attributes": {
            "arn": "arn:aws-us-gov:iam::050779347855:role/aws-service-role/es.amazonaws.com/AWSServiceRoleForAmazonElasticsearchService",
            "assume_role_policy": "{\"Version\": \"2012-10-17\", \"Statement\": [{\"Effect\": \"Allow\", \"Principal\": {\"Service\": \"es.amazonaws.com\"}, \"Action\": \"sts:AssumeRole\"}]}",
            "create_date": "2022-05-18T01:20:49Z",
            "description": "Role for ES to access resources in my VPC",
            "force_detach_policies": null,
            "id": "AWSServiceRoleForAmazonElasticsearchService",
            "inline_policy": [],
            "managed_policy_arns": [
              "arn:aws-us-gov:iam::aws:policy/aws-service-role/AmazonElasticsearchServiceRolePolicy"
            ],
            "max_session_duration": 3600,
            "name": "AWSServiceRoleForAmazonElasticsearchService",
            "name_prefix": "",
            "path": "/aws-service-role/es.amazonaws.com/",
            "permissions_boundary": null,
            "role_last_used": [],
            "tags": {},
            "tags_all": {},
            "unique_id": "AROAQXUVPLOHWL6HLBCVA"
          },
          "sensitive_attributes": []
        }
      ]
    },
    {
      "mode": "managed",
      "type": "aws_iam_role",
      "name": "AWSServiceRoleForAmazonGuardDuty",
      "provider": "provider[\"registry.terraform.io/hashicorp/aws\"]",
      "instances": [
        {
          "schema_version": 0,
          "attributes": {
            "arn": "arn:aws-us-gov:iam::050779347855:role/aws-service-role/guardduty.amazonaws.com/AWSServiceRoleForAmazonGuardDuty",
            "assume_role_policy": "{\"Version\": \"2012-10-17\", \"Statement\": [{\"Sid\": \"\", \"Effect\": \"Allow\", \"Principal\": {\"Service\": \"guardduty.amazonaws.com\"}, \"Action\": \"sts:AssumeRole\"}]}",
            "create_date": "2022-05-11T03:45:11Z",
            "description": "",
            "force_detach_policies": null,
            "id": "AWSServiceRoleForAmazonGuardDuty",
            "inline_policy": [],
            "managed_policy_arns": [
              "arn:aws-us-gov:iam::aws:policy/aws-service-role/AmazonGuardDutyServiceRolePolicy"
            ],
            "max_session_duration": 3600,
            "name": "AWSServiceRoleForAmazonGuardDuty",
            "name_prefix": "",
            "path": "/aws-service-role/guardduty.amazonaws.com/",
            "permissions_boundary": null,
            "role_last_used": [],
            "tags": {},
            "tags_all": {},
            "unique_id": "AROAQXUVPLOHR7OLNPDJP"
          },
          "sensitive_attributes": []
        }
      ]
    },
    {
      "mode": "managed",
      "type": "aws_iam_role",
      "name": "AWSServiceRoleForAmazonSSM",
      "provider": "provider[\"registry.terraform.io/hashicorp/aws\"]",
      "instances": [
        {
          "schema_version": 0,
          "attributes": {
            "arn": "arn:aws-us-gov:iam::050779347855:role/aws-service-role/ssm.amazonaws.com/AWSServiceRoleForAmazonSSM",
            "assume_role_policy": "{\"Version\": \"2012-10-17\", \"Statement\": [{\"Effect\": \"Allow\", \"Principal\": {\"Service\": \"ssm.amazonaws.com\"}, \"Action\": \"sts:AssumeRole\"}]}",
            "create_date": "2022-08-15T15:38:48Z",
            "description": "Provides access to AWS Resources managed or used by Amazon SSM.",
            "force_detach_policies": null,
            "id": "AWSServiceRoleForAmazonSSM",
            "inline_policy": [],
            "managed_policy_arns": [
              "arn:aws-us-gov:iam::aws:policy/aws-service-role/AmazonSSMServiceRolePolicy"
            ],
            "max_session_duration": 3600,
            "name": "AWSServiceRoleForAmazonSSM",
            "name_prefix": "",
            "path": "/aws-service-role/ssm.amazonaws.com/",
            "permissions_boundary": null,
            "role_last_used": [],
            "tags": {},
            "tags_all": {},
            "unique_id": "AROAQXUVPLOHWY7G4V5KM"
          },
          "sensitive_attributes": []
        }
      ]
    },
    {
      "mode": "managed",
      "type": "aws_iam_role",
      "name": "AWSServiceRoleForApplicationAutoScaling_DynamoDBTable",
      "provider": "provider[\"registry.terraform.io/hashicorp/aws\"]",
      "instances": [
        {
          "schema_version": 0,
          "attributes": {
            "arn": "arn:aws-us-gov:iam::050779347855:role/aws-service-role/dynamodb.application-autoscaling.amazonaws.com/AWSServiceRoleForApplicationAutoScaling_DynamoDBTable",
            "assume_role_policy": "{\"Version\": \"2012-10-17\", \"Statement\": [{\"Sid\": \"\", \"Effect\": \"Allow\", \"Principal\": {\"Service\": \"dynamodb.application-autoscaling.amazonaws.com\"}, \"Action\": \"sts:AssumeRole\"}]}",
            "create_date": "2022-05-17T23:35:26Z",
            "description": "",
            "force_detach_policies": null,
            "id": "AWSServiceRoleForApplicationAutoScaling_DynamoDBTable",
            "inline_policy": [],
            "managed_policy_arns": [
              "arn:aws-us-gov:iam::aws:policy/aws-service-role/AWSApplicationAutoscalingDynamoDBTablePolicy"
            ],
            "max_session_duration": 3600,
            "name": "AWSServiceRoleForApplicationAutoScaling_DynamoDBTable",
            "name_prefix": "",
            "path": "/aws-service-role/dynamodb.application-autoscaling.amazonaws.com/",
            "permissions_boundary": null,
            "role_last_used": [],
            "tags": {},
            "tags_all": {},
            "unique_id": "AROAQXUVPLOHYMCPZZ3MG"
          },
          "sensitive_attributes": []
        }
      ]
    },
    {
      "mode": "managed",
      "type": "aws_iam_role",
      "name": "AWSServiceRoleForApplicationAutoScaling_ECSService",
      "provider": "provider[\"registry.terraform.io/hashicorp/aws\"]",
      "instances": [
        {
          "schema_version": 0,
          "attributes": {
            "arn": "arn:aws-us-gov:iam::050779347855:role/aws-service-role/ecs.application-autoscaling.amazonaws.com/AWSServiceRoleForApplicationAutoScaling_ECSService",
            "assume_role_policy": "{\"Version\": \"2012-10-17\", \"Statement\": [{\"Sid\": \"\", \"Effect\": \"Allow\", \"Principal\": {\"Service\": \"ecs.application-autoscaling.amazonaws.com\"}, \"Action\": \"sts:AssumeRole\"}]}",
            "create_date": "2022-06-25T19:47:23Z",
            "description": "",
            "force_detach_policies": null,
            "id": "AWSServiceRoleForApplicationAutoScaling_ECSService",
            "inline_policy": [],
            "managed_policy_arns": [
              "arn:aws-us-gov:iam::aws:policy/aws-service-role/AWSApplicationAutoscalingECSServicePolicy"
            ],
            "max_session_duration": 3600,
            "name": "AWSServiceRoleForApplicationAutoScaling_ECSService",
            "name_prefix": "",
            "path": "/aws-service-role/ecs.application-autoscaling.amazonaws.com/",
            "permissions_boundary": null,
            "role_last_used": [],
            "tags": {},
            "tags_all": {},
            "unique_id": "AROAQXUVPLOH3WB74PIYX"
          },
          "sensitive_attributes": []
        }
      ]
    },
    {
      "mode": "managed",
      "type": "aws_iam_role",
      "name": "AWSServiceRoleForAutoScaling",
      "provider": "provider[\"registry.terraform.io/hashicorp/aws\"]",
      "instances": [
        {
          "schema_version": 0,
          "attributes": {
            "arn": "arn:aws-us-gov:iam::050779347855:role/aws-service-role/autoscaling.amazonaws.com/AWSServiceRoleForAutoScaling",
            "assume_role_policy": "{\"Version\": \"2012-10-17\", \"Statement\": [{\"Effect\": \"Allow\", \"Principal\": {\"Service\": \"autoscaling.amazonaws.com\"}, \"Action\": \"sts:AssumeRole\"}]}",
            "create_date": "2022-06-03T19:01:31Z",
            "description": "Default Service-Linked Role enables access to AWS Services and Resources used or managed by Auto Scaling",
            "force_detach_policies": null,
            "id": "AWSServiceRoleForAutoScaling",
            "inline_policy": [],
            "managed_policy_arns": [
              "arn:aws-us-gov:iam::aws:policy/aws-service-role/AutoScalingServiceRolePolicy"
            ],
            "max_session_duration": 3600,
            "name": "AWSServiceRoleForAutoScaling",
            "name_prefix": "",
            "path": "/aws-service-role/autoscaling.amazonaws.com/",
            "permissions_boundary": null,
            "role_last_used": [],
            "tags": {},
            "tags_all": {},
            "unique_id": "AROAQXUVPLOHQSB36EJ34"
          },
          "sensitive_attributes": []
        }
      ]
    },
    {
      "mode": "managed",
      "type": "aws_iam_role",
      "name": "AWSServiceRoleForCloudTrail",
      "provider": "provider[\"registry.terraform.io/hashicorp/aws\"]",
      "instances": [
        {
          "schema_version": 0,
          "attributes": {
            "arn": "arn:aws-us-gov:iam::050779347855:role/aws-service-role/cloudtrail.amazonaws.com/AWSServiceRoleForCloudTrail",
            "assume_role_policy": "{\"Version\": \"2012-10-17\", \"Statement\": [{\"Effect\": \"Allow\", \"Principal\": {\"Service\": \"cloudtrail.amazonaws.com\"}, \"Action\": \"sts:AssumeRole\"}]}",
            "create_date": "2022-05-11T03:00:23Z",
            "description": "",
            "force_detach_policies": null,
            "id": "AWSServiceRoleForCloudTrail",
            "inline_policy": [],
            "managed_policy_arns": [
              "arn:aws-us-gov:iam::aws:policy/aws-service-role/CloudTrailServiceRolePolicy"
            ],
            "max_session_duration": 3600,
            "name": "AWSServiceRoleForCloudTrail",
            "name_prefix": "",
            "path": "/aws-service-role/cloudtrail.amazonaws.com/",
            "permissions_boundary": null,
            "role_last_used": [],
            "tags": {},
            "tags_all": {},
            "unique_id": "AROAQXUVPLOH2XJMSDRZB"
          },
          "sensitive_attributes": []
        }
      ]
    },
    {
      "mode": "managed",
      "type": "aws_iam_role",
      "name": "AWSServiceRoleForConfig",
      "provider": "provider[\"registry.terraform.io/hashicorp/aws\"]",
      "instances": [
        {
          "schema_version": 0,
          "attributes": {
            "arn": "arn:aws-us-gov:iam::050779347855:role/aws-service-role/config.amazonaws.com/AWSServiceRoleForConfig",
            "assume_role_policy": "{\"Version\": \"2012-10-17\", \"Statement\": [{\"Effect\": \"Allow\", \"Principal\": {\"Service\": \"config.amazonaws.com\"}, \"Action\": \"sts:AssumeRole\"}]}",
            "create_date": "2022-05-11T04:02:13Z",
            "description": "",
            "force_detach_policies": null,
            "id": "AWSServiceRoleForConfig",
            "inline_policy": [],
            "managed_policy_arns": [
              "arn:aws-us-gov:iam::aws:policy/aws-service-role/AWSConfigServiceRolePolicy"
            ],
            "max_session_duration": 3600,
            "name": "AWSServiceRoleForConfig",
            "name_prefix": "",
            "path": "/aws-service-role/config.amazonaws.com/",
            "permissions_boundary": null,
            "role_last_used": [],
            "tags": {},
            "tags_all": {},
            "unique_id": "AROAQXUVPLOH3BUT5MX72"
          },
          "sensitive_attributes": []
        }
      ]
    },
    {
      "mode": "managed",
      "type": "aws_iam_role",
      "name": "AWSServiceRoleForECS",
      "provider": "provider[\"registry.terraform.io/hashicorp/aws\"]",
      "instances": [
        {
          "schema_version": 0,
          "attributes": {
            "arn": "arn:aws-us-gov:iam::050779347855:role/aws-service-role/ecs.amazonaws.com/AWSServiceRoleForECS",
            "assume_role_policy": "{\"Version\": \"2012-10-17\", \"Statement\": [{\"Sid\": \"\", \"Effect\": \"Allow\", \"Principal\": {\"Service\": \"ecs.amazonaws.com\"}, \"Action\": \"sts:AssumeRole\"}]}",
            "create_date": "2022-06-03T18:38:10Z",
            "description": "Role to enable Amazon ECS to manage your cluster.",
            "force_detach_policies": null,
            "id": "AWSServiceRoleForECS",
            "inline_policy": [],
            "managed_policy_arns": [
              "arn:aws-us-gov:iam::aws:policy/aws-service-role/AmazonECSServiceRolePolicy"
            ],
            "max_session_duration": 3600,
            "name": "AWSServiceRoleForECS",
            "name_prefix": "",
            "path": "/aws-service-role/ecs.amazonaws.com/",
            "permissions_boundary": null,
            "role_last_used": [],
            "tags": {},
            "tags_all": {},
            "unique_id": "AROAQXUVPLOHRC7S4I57J"
          },
          "sensitive_attributes": []
        }
      ]
    },
    {
      "mode": "managed",
      "type": "aws_iam_role",
      "name": "AWSServiceRoleForElastiCache",
      "provider": "provider[\"registry.terraform.io/hashicorp/aws\"]",
      "instances": [
        {
          "schema_version": 0,
          "attributes": {
            "arn": "arn:aws-us-gov:iam::050779347855:role/aws-service-role/elasticache.amazonaws.com/AWSServiceRoleForElastiCache",
            "assume_role_policy": "{\"Version\": \"2012-10-17\", \"Statement\": [{\"Effect\": \"Allow\", \"Principal\": {\"Service\": \"elasticache.amazonaws.com\"}, \"Action\": \"sts:AssumeRole\"}]}",
            "create_date": "2022-05-17T23:54:14Z",
            "description": "This policy allows ElastiCache to manage AWS resources on your behalf as necessary for managing your cache.",
            "force_detach_policies": null,
            "id": "AWSServiceRoleForElastiCache",
            "inline_policy": [],
            "managed_policy_arns": [
              "arn:aws-us-gov:iam::aws:policy/aws-service-role/ElastiCacheServiceRolePolicy"
            ],
            "max_session_duration": 3600,
            "name": "AWSServiceRoleForElastiCache",
            "name_prefix": "",
            "path": "/aws-service-role/elasticache.amazonaws.com/",
            "permissions_boundary": null,
            "role_last_used": [],
            "tags": {},
            "tags_all": {},
            "unique_id": "AROAQXUVPLOH2YKAO7H5X"
          },
          "sensitive_attributes": []
        }
      ]
    },
    {
      "mode": "managed",
      "type": "aws_iam_role",
      "name": "AWSServiceRoleForElasticBeanstalk",
      "provider": "provider[\"registry.terraform.io/hashicorp/aws\"]",
      "instances": [
        {
          "schema_version": 0,
          "attributes": {
            "arn": "arn:aws-us-gov:iam::050779347855:role/aws-service-role/elasticbeanstalk.amazonaws.com/AWSServiceRoleForElasticBeanstalk",
            "assume_role_policy": "{\"Version\": \"2012-10-17\", \"Statement\": [{\"Sid\": \"\", \"Effect\": \"Allow\", \"Principal\": {\"Service\": \"elasticbeanstalk.amazonaws.com\"}, \"Action\": \"sts:AssumeRole\"}]}",
            "create_date": "2022-06-17T02:08:41Z",
            "description": "",
            "force_detach_policies": null,
            "id": "AWSServiceRoleForElasticBeanstalk",
            "inline_policy": [],
            "managed_policy_arns": [
              "arn:aws-us-gov:iam::aws:policy/aws-service-role/AWSElasticBeanstalkServiceRolePolicy"
            ],
            "max_session_duration": 3600,
            "name": "AWSServiceRoleForElasticBeanstalk",
            "name_prefix": "",
            "path": "/aws-service-role/elasticbeanstalk.amazonaws.com/",
            "permissions_boundary": null,
            "role_last_used": [],
            "tags": {},
            "tags_all": {},
            "unique_id": "AROAQXUVPLOHV737GLGZA"
          },
          "sensitive_attributes": []
        }
      ]
    },
    {
      "mode": "managed",
      "type": "aws_iam_role",
      "name": "AWSServiceRoleForElasticLoadBalancing",
      "provider": "provider[\"registry.terraform.io/hashicorp/aws\"]",
      "instances": [
        {
          "schema_version": 0,
          "attributes": {
            "arn": "arn:aws-us-gov:iam::050779347855:role/aws-service-role/elasticloadbalancing.amazonaws.com/AWSServiceRoleForElasticLoadBalancing",
            "assume_role_policy": "{\"Version\": \"2012-10-17\", \"Statement\": [{\"Effect\": \"Allow\", \"Principal\": {\"Service\": \"elasticloadbalancing.amazonaws.com\"}, \"Action\": \"sts:AssumeRole\"}]}",
            "create_date": "2022-06-10T17:57:33Z",
            "description": "Allows ELB to call AWS services on your behalf.",
            "force_detach_policies": null,
            "id": "AWSServiceRoleForElasticLoadBalancing",
            "inline_policy": [],
            "managed_policy_arns": [
              "arn:aws-us-gov:iam::aws:policy/aws-service-role/AWSElasticLoadBalancingServiceRolePolicy"
            ],
            "max_session_duration": 3600,
            "name": "AWSServiceRoleForElasticLoadBalancing",
            "name_prefix": "",
            "path": "/aws-service-role/elasticloadbalancing.amazonaws.com/",
            "permissions_boundary": null,
            "role_last_used": [],
            "tags": {},
            "tags_all": {},
            "unique_id": "AROAQXUVPLOHRUDKQGBKW"
          },
          "sensitive_attributes": []
        }
      ]
    },
    {
      "mode": "managed",
      "type": "aws_iam_role",
      "name": "AWSServiceRoleForOrganizations",
      "provider": "provider[\"registry.terraform.io/hashicorp/aws\"]",
      "instances": [
        {
          "schema_version": 0,
          "attributes": {
            "arn": "arn:aws-us-gov:iam::050779347855:role/aws-service-role/organizations.amazonaws.com/AWSServiceRoleForOrganizations",
            "assume_role_policy": "{\"Version\": \"2012-10-17\", \"Statement\": [{\"Effect\": \"Allow\", \"Principal\": {\"Service\": \"organizations.amazonaws.com\"}, \"Action\": \"sts:AssumeRole\"}]}",
            "create_date": "2022-05-10T01:52:50Z",
            "description": "Service-linked role used by AWS Organizations to enable integration of other AWS services with Organizations.",
            "force_detach_policies": null,
            "id": "AWSServiceRoleForOrganizations",
            "inline_policy": [],
            "managed_policy_arns": [
              "arn:aws-us-gov:iam::aws:policy/aws-service-role/AWSOrganizationsServiceTrustPolicy"
            ],
            "max_session_duration": 3600,
            "name": "AWSServiceRoleForOrganizations",
            "name_prefix": "",
            "path": "/aws-service-role/organizations.amazonaws.com/",
            "permissions_boundary": null,
            "role_last_used": [],
            "tags": {},
            "tags_all": {},
            "unique_id": "AROAQXUVPLOH5CW4IUYFJ"
          },
          "sensitive_attributes": []
        }
      ]
    },
    {
      "mode": "managed",
      "type": "aws_iam_role",
      "name": "AWSServiceRoleForRDS",
      "provider": "provider[\"registry.terraform.io/hashicorp/aws\"]",
      "instances": [
        {
          "schema_version": 0,
          "attributes": {
            "arn": "arn:aws-us-gov:iam::050779347855:role/aws-service-role/rds.amazonaws.com/AWSServiceRoleForRDS",
            "assume_role_policy": "{\"Version\": \"2012-10-17\", \"Statement\": [{\"Effect\": \"Allow\", \"Principal\": {\"Service\": \"rds.amazonaws.com\"}, \"Action\": \"sts:AssumeRole\"}]}",
            "create_date": "2022-05-18T00:37:53Z",
            "description": "Allows Amazon RDS to manage AWS resources on your behalf",
            "force_detach_policies": null,
            "id": "AWSServiceRoleForRDS",
            "inline_policy": [],
            "managed_policy_arns": [
              "arn:aws-us-gov:iam::aws:policy/aws-service-role/AmazonRDSServiceRolePolicy"
            ],
            "max_session_duration": 3600,
            "name": "AWSServiceRoleForRDS",
            "name_prefix": "",
            "path": "/aws-service-role/rds.amazonaws.com/",
            "permissions_boundary": null,
            "role_last_used": [],
            "tags": {},
            "tags_all": {},
            "unique_id": "AROAQXUVPLOHVABD5RA5P"
          },
          "sensitive_attributes": []
        }
      ]
    },
    {
      "mode": "managed",
      "type": "aws_iam_role",
      "name": "AWSServiceRoleForSSO",
      "provider": "provider[\"registry.terraform.io/hashicorp/aws\"]",
      "instances": [
        {
          "schema_version": 0,
          "attributes": {
            "arn": "arn:aws-us-gov:iam::050779347855:role/aws-service-role/sso.amazonaws.com/AWSServiceRoleForSSO",
            "assume_role_policy": "{\"Version\": \"2012-10-17\", \"Statement\": [{\"Effect\": \"Allow\", \"Principal\": {\"Service\": \"sso.amazonaws.com\"}, \"Action\": \"sts:AssumeRole\"}]}",
            "create_date": "2022-05-10T01:52:57Z",
            "description": "Service-linked role used by AWS SSO to manage AWS resources, including IAM roles, policies and SAML IdP on your behalf.",
            "force_detach_policies": null,
            "id": "AWSServiceRoleForSSO",
            "inline_policy": [],
            "managed_policy_arns": [
              "arn:aws-us-gov:iam::aws:policy/aws-service-role/AWSSSOServiceRolePolicy"
            ],
            "max_session_duration": 3600,
            "name": "AWSServiceRoleForSSO",
            "name_prefix": "",
            "path": "/aws-service-role/sso.amazonaws.com/",
            "permissions_boundary": null,
            "role_last_used": [],
            "tags": {},
            "tags_all": {},
            "unique_id": "AROAQXUVPLOHU4ZURJLLN"
          },
          "sensitive_attributes": []
        }
      ]
    },
    {
      "mode": "managed",
      "type": "aws_iam_role",
      "name": "AWSServiceRoleForSecurityHub",
      "provider": "provider[\"registry.terraform.io/hashicorp/aws\"]",
      "instances": [
        {
          "schema_version": 0,
          "attributes": {
            "arn": "arn:aws-us-gov:iam::050779347855:role/aws-service-role/securityhub.amazonaws.com/AWSServiceRoleForSecurityHub",
            "assume_role_policy": "{\"Version\": \"2012-10-17\", \"Statement\": [{\"Effect\": \"Allow\", \"Principal\": {\"Service\": \"securityhub.amazonaws.com\"}, \"Action\": \"sts:AssumeRole\"}]}",
            "create_date": "2022-05-11T03:12:52Z",
            "description": "",
            "force_detach_policies": null,
            "id": "AWSServiceRoleForSecurityHub",
            "inline_policy": [],
            "managed_policy_arns": [
              "arn:aws-us-gov:iam::aws:policy/aws-service-role/AWSSecurityHubServiceRolePolicy"
            ],
            "max_session_duration": 3600,
            "name": "AWSServiceRoleForSecurityHub",
            "name_prefix": "",
            "path": "/aws-service-role/securityhub.amazonaws.com/",
            "permissions_boundary": null,
            "role_last_used": [],
            "tags": {},
            "tags_all": {},
            "unique_id": "AROAQXUVPLOH664YOYE27"
          },
          "sensitive_attributes": []
        }
      ]
    },
    {
      "mode": "managed",
      "type": "aws_iam_role",
      "name": "AWSServiceRoleForServiceQuotas",
      "provider": "provider[\"registry.terraform.io/hashicorp/aws\"]",
      "instances": [
        {
          "schema_version": 0,
          "attributes": {
            "arn": "arn:aws-us-gov:iam::050779347855:role/aws-service-role/servicequotas.amazonaws.com/AWSServiceRoleForServiceQuotas",
            "assume_role_policy": "{\"Version\": \"2012-10-17\", \"Statement\": [{\"Effect\": \"Allow\", \"Principal\": {\"Service\": \"servicequotas.amazonaws.com\"}, \"Action\": \"sts:AssumeRole\"}]}",
            "create_date": "2022-05-12T23:47:30Z",
            "description": "A service-linked role is required for Service Quotas to access your service limits.",
            "force_detach_policies": null,
            "id": "AWSServiceRoleForServiceQuotas",
            "inline_policy": [],
            "managed_policy_arns": [
              "arn:aws-us-gov:iam::aws:policy/aws-service-role/ServiceQuotasServiceRolePolicy"
            ],
            "max_session_duration": 3600,
            "name": "AWSServiceRoleForServiceQuotas",
            "name_prefix": "",
            "path": "/aws-service-role/servicequotas.amazonaws.com/",
            "permissions_boundary": null,
            "role_last_used": [],
            "tags": {},
            "tags_all": {},
            "unique_id": "AROAQXUVPLOHSIRPU5E33"
          },
          "sensitive_attributes": []
        }
      ]
    },
    {
      "mode": "managed",
      "type": "aws_iam_role",
      "name": "AWSServiceRoleForSupport",
      "provider": "provider[\"registry.terraform.io/hashicorp/aws\"]",
      "instances": [
        {
          "schema_version": 0,
          "attributes": {
            "arn": "arn:aws-us-gov:iam::050779347855:role/aws-service-role/support.amazonaws.com/AWSServiceRoleForSupport",
            "assume_role_policy": "{\"Version\": \"2012-10-17\", \"Statement\": [{\"Effect\": \"Allow\", \"Principal\": {\"Service\": \"support.amazonaws.com\"}, \"Action\": \"sts:AssumeRole\"}]}",
            "create_date": "2022-05-10T01:49:49Z",
            "description": "Enables resource access for AWS to provide billing, administrative and support services",
            "force_detach_policies": null,
            "id": "AWSServiceRoleForSupport",
            "inline_policy": [],
            "managed_policy_arns": [
              "arn:aws-us-gov:iam::aws:policy/aws-service-role/AWSSupportServiceRolePolicy"
            ],
            "max_session_duration": 3600,
            "name": "AWSServiceRoleForSupport",
            "name_prefix": "",
            "path": "/aws-service-role/support.amazonaws.com/",
            "permissions_boundary": null,
            "role_last_used": [],
            "tags": {},
            "tags_all": {},
            "unique_id": "AROAQXUVPLOHVUAQG5GSS"
          },
          "sensitive_attributes": []
        }
      ]
    },
    {
      "mode": "managed",
      "type": "aws_iam_role",
      "name": "AWSServiceRoleForTrustedAdvisor",
      "provider": "provider[\"registry.terraform.io/hashicorp/aws\"]",
      "instances": [
        {
          "schema_version": 0,
          "attributes": {
            "arn": "arn:aws-us-gov:iam::050779347855:role/aws-service-role/trustedadvisor.amazonaws.com/AWSServiceRoleForTrustedAdvisor",
            "assume_role_policy": "{\"Version\": \"2012-10-17\", \"Statement\": [{\"Sid\": \"\", \"Effect\": \"Allow\", \"Principal\": {\"Service\": \"trustedadvisor.amazonaws.com\"}, \"Action\": \"sts:AssumeRole\"}]}",
            "create_date": "2022-05-10T01:49:49Z",
            "description": "Access for the AWS Trusted Advisor Service to help reduce cost, increase performance, and improve security of your AWS environment.",
            "force_detach_policies": null,
            "id": "AWSServiceRoleForTrustedAdvisor",
            "inline_policy": [],
            "managed_policy_arns": [
              "arn:aws-us-gov:iam::aws:policy/aws-service-role/AWSTrustedAdvisorServiceRolePolicy"
            ],
            "max_session_duration": 3600,
            "name": "AWSServiceRoleForTrustedAdvisor",
            "name_prefix": "",
            "path": "/aws-service-role/trustedadvisor.amazonaws.com/",
            "permissions_boundary": null,
            "role_last_used": [],
            "tags": {},
            "tags_all": {},
            "unique_id": "AROAQXUVPLOH53HNTABLU"
          },
          "sensitive_attributes": []
        }
      ]
    },
    {
      "mode": "managed",
      "type": "aws_iam_role",
      "name": "BastionServer",
      "provider": "provider[\"registry.terraform.io/hashicorp/aws\"]",
      "instances": [
        {
          "schema_version": 0,
          "attributes": {
            "arn": "arn:aws-us-gov:iam::050779347855:role/BastionServer",
            "assume_role_policy": "{\"Version\": \"2012-10-17\", \"Statement\": [{\"Effect\": \"Allow\", \"Principal\": {\"Service\": \"ec2.amazonaws.com\"}, \"Action\": \"sts:AssumeRole\"}]}",
            "create_date": "2022-05-17T14:50:12Z",
            "description": "",
            "force_detach_policies": null,
            "id": "BastionServer",
            "inline_policy": [],
            "managed_policy_arns": [
              "arn:aws-us-gov:iam::aws:policy/AmazonSSMManagedInstanceCore",
              "arn:aws-us-gov:iam::aws:policy/service-role/AmazonEC2RoleforSSM"
            ],
            "max_session_duration": 3600,
            "name": "BastionServer",
            "name_prefix": "",
            "path": "/",
            "permissions_boundary": null,
            "role_last_used": [],
            "tags": {},
            "tags_all": {},
            "unique_id": "AROAQXUVPLOH6L6NJ2QN3"
          },
          "sensitive_attributes": []
        }
      ]
    },
    {
      "mode": "managed",
      "type": "aws_iam_role",
      "name": "DeveloperTools_S3Proxy",
      "provider": "provider[\"registry.terraform.io/hashicorp/aws\"]",
      "instances": [
        {
          "schema_version": 0,
          "attributes": {
            "arn": "arn:aws-us-gov:iam::050779347855:role/DeveloperTools-S3Proxy",
            "assume_role_policy": "{\"Version\": \"2012-10-17\", \"Statement\": [{\"Effect\": \"Allow\", \"Principal\": {\"Service\": \"ec2.amazonaws.com\"}, \"Action\": \"sts:AssumeRole\"}]}",
            "create_date": "2022-05-17T16:59:47Z",
            "description": "",
            "force_detach_policies": null,
            "id": "DeveloperTools-S3Proxy",
            "inline_policy": [],
            "managed_policy_arns": [
              "arn:aws-us-gov:iam::050779347855:policy/ElasticBeanstalkDeployedService"
            ],
            "max_session_duration": 3600,
            "name": "DeveloperTools-S3Proxy",
            "name_prefix": "",
            "path": "/",
            "permissions_boundary": null,
            "role_last_used": [],
            "tags": {},
            "tags_all": {},
            "unique_id": "AROAQXUVPLOH2RVVEPTI6"
          },
          "sensitive_attributes": []
        }
      ]
    },
    {
      "mode": "managed",
      "type": "aws_iam_role",
      "name": "DynamoDBAutoscaleRole",
      "provider": "provider[\"registry.terraform.io/hashicorp/aws\"]",
      "instances": [
        {
          "schema_version": 0,
          "attributes": {
            "arn": "arn:aws-us-gov:iam::050779347855:role/DynamoDBAutoscaleRole",
            "assume_role_policy": "{\"Version\": \"2012-10-17\", \"Statement\": [{\"Sid\": \"\", \"Effect\": \"Allow\", \"Principal\": {\"Service\": \"application-autoscaling.amazonaws.com\"}, \"Action\": \"sts:AssumeRole\"}]}",
            "create_date": "2022-05-17T23:32:00Z",
            "description": "",
            "force_detach_policies": null,
            "id": "DynamoDBAutoscaleRole",
            "inline_policy": [],
            "managed_policy_arns": [
              "arn:aws-us-gov:iam::050779347855:policy/DynamoDBAutoscalePolicy"
            ],
            "max_session_duration": 3600,
            "name": "DynamoDBAutoscaleRole",
            "name_prefix": "",
            "path": "/",
            "permissions_boundary": null,
            "role_last_used": [],
            "tags": {},
            "tags_all": {},
            "unique_id": "AROAQXUVPLOHZKZVTY6WM"
          },
          "sensitive_attributes": []
        }
      ]
    },
    {
      "mode": "managed",
      "type": "aws_iam_role",
      "name": "FlowLogger",
      "provider": "provider[\"registry.terraform.io/hashicorp/aws\"]",
      "instances": [
        {
          "schema_version": 0,
          "attributes": {
            "arn": "arn:aws-us-gov:iam::050779347855:role/FlowLogger",
            "assume_role_policy": "{\"Version\": \"2012-10-17\", \"Statement\": [{\"Effect\": \"Allow\", \"Principal\": {\"Service\": \"vpc-flow-logs.amazonaws.com\"}, \"Action\": \"sts:AssumeRole\"}]}",
            "create_date": "2022-05-17T18:00:16Z",
            "description": "",
            "force_detach_policies": null,
            "id": "FlowLogger",
            "inline_policy": [],
            "managed_policy_arns": [
              "arn:aws-us-gov:iam::050779347855:policy/CloudWatchLogsWriteLogs"
            ],
            "max_session_duration": 3600,
            "name": "FlowLogger",
            "name_prefix": "",
            "path": "/",
            "permissions_boundary": null,
            "role_last_used": [],
            "tags": {},
            "tags_all": {},
            "unique_id": "AROAQXUVPLOHRTZ5XNAOP"
          },
          "sensitive_attributes": []
        }
      ]
    },
    {
      "mode": "managed",
      "type": "aws_iam_role",
      "name": "JavaDockerServerDeveloper",
      "provider": "provider[\"registry.terraform.io/hashicorp/aws\"]",
      "instances": [
        {
          "schema_version": 0,
          "attributes": {
            "arn": "arn:aws-us-gov:iam::050779347855:role/JavaDockerServerDeveloper",
            "assume_role_policy": "{\"Version\": \"2012-10-17\", \"Statement\": [{\"Effect\": \"Allow\", \"Principal\": {\"AWS\": \"arn:aws-us-gov:iam::050779347855:root\"}, \"Action\": \"sts:AssumeRole\"}]}",
            "create_date": "2022-05-17T15:28:06Z",
            "description": "",
            "force_detach_policies": null,
            "id": "JavaDockerServerDeveloper",
            "inline_policy": [
              {
                "name": "SampleProjectsAlarms",
                "policy": "{\"Version\":\"2012-10-17\",\"Statement\":[{\"Action\":[\"cloudwatch:*\"],\"Effect\":\"Allow\",\"Resource\":[\"arn:aws-us-gov:cloudwatch:us-gov-west-1:050779347855:alarm:microservice-alpha-sample-*\",\"arn:aws-us-gov:cloudwatch:us-gov-west-1:050779347855:alarm:microservice-beta-sample-*\",\"arn:aws-us-gov:cloudwatch:us-gov-west-1:050779347855:alarm:microservice-gamma-sample-*\"]}]}"
              },
              {
                "name": "SampleProjectsLogs",
                "policy": "{\"Version\":\"2012-10-17\",\"Statement\":[{\"Action\":[\"logs:*\"],\"Effect\":\"Allow\",\"Resource\":[\"arn:aws-us-gov:logs:us-gov-west-1:050779347855:log-group:alpha-sample\",\"arn:aws-us-gov:logs:us-gov-west-1:050779347855:log-group:alpha-sample:*\",\"arn:aws-us-gov:logs:us-gov-west-1:050779347855:log-group:beta-sample\",\"arn:aws-us-gov:logs:us-gov-west-1:050779347855:beta-sample:*\",\"arn:aws-us-gov:logs:us-gov-west-1:050779347855:gamma-sample\",\"arn:aws-us-gov:logs:us-gov-west-1:050779347855:gamma-sample:*\"]}]}"
              },
              {
                "name": "SampleProjectsRepositories",
                "policy": "{\"Version\":\"2012-10-17\",\"Statement\":[{\"Action\":[\"ecr:*\"],\"Effect\":\"Allow\",\"Resource\":[\"arn:aws-us-gov:ecr:us-gov-west-1:050779347855:repository/alpha-sample\",\"arn:aws-us-gov:ecr:us-gov-west-1:050779347855:repository/beta-sample\",\"arn:aws-us-gov:ecr:us-gov-west-1:050779347855:repository/gamma-sample\"]}]}"
              },
              {
                "name": "SampleProjectsTasks",
                "policy": "{\"Version\":\"2012-10-17\",\"Statement\":[{\"Action\":[\"ecs:*\"],\"Effect\":\"Allow\",\"Resource\":[\"arn:aws-us-gov:ecs:us-gov-west-1:050779347855:task-definition/alpha-sample\",\"arn:aws-us-gov:ecs:us-gov-west-1:050779347855:task-definition/alpha-sample:*\",\"arn:aws-us-gov:ecs:us-gov-west-1:050779347855:task-definition/beta-sample\",\"arn:aws-us-gov:ecs:us-gov-west-1:050779347855:task-definition/beta-sample:*\",\"arn:aws-us-gov:ecs:us-gov-west-1:050779347855:task-definition/gamma-sample\",\"arn:aws-us-gov:ecs:us-gov-west-1:050779347855:task-definition/gamma-sample:*\"]}]}"
              }
            ],
            "managed_policy_arns": [
              "arn:aws-us-gov:iam::050779347855:policy/ECRServerDeveloper",
              "arn:aws-us-gov:iam::050779347855:policy/ECSFullReadAccess",
              "arn:aws-us-gov:iam::050779347855:policy/ECSTaskDefinitionFullAccess"
            ],
            "max_session_duration": 3600,
            "name": "JavaDockerServerDeveloper",
            "name_prefix": "",
            "path": "/",
            "permissions_boundary": null,
            "role_last_used": [],
            "tags": {},
            "tags_all": {},
            "unique_id": "AROAQXUVPLOHULYZSFRFW"
          },
          "sensitive_attributes": []
        }
      ]
    },
    {
      "mode": "managed",
      "type": "aws_iam_role",
      "name": "JenkinsMaster",
      "provider": "provider[\"registry.terraform.io/hashicorp/aws\"]",
      "instances": [
        {
          "schema_version": 0,
          "attributes": {
            "arn": "arn:aws-us-gov:iam::050779347855:role/DeveloperTools/JenkinsMaster",
            "assume_role_policy": "{\"Version\": \"2012-10-17\", \"Statement\": [{\"Effect\": \"Allow\", \"Principal\": {\"Service\": \"ec2.amazonaws.com\"}, \"Action\": \"sts:AssumeRole\"}]}",
            "create_date": "2022-05-17T15:10:47Z",
            "description": "",
            "force_detach_policies": null,
            "id": "JenkinsMaster",
            "inline_policy": [],
            "managed_policy_arns": [
              "arn:aws-us-gov:iam::aws:policy/service-role/AmazonEC2RoleforSSM"
            ],
            "max_session_duration": 3600,
            "name": "JenkinsMaster",
            "name_prefix": "",
            "path": "/DeveloperTools/",
            "permissions_boundary": null,
            "role_last_used": [],
            "tags": {},
            "tags_all": {},
            "unique_id": "AROAQXUVPLOHUIXDP7B7D"
          },
          "sensitive_attributes": []
        }
      ]
    },
    {
      "mode": "managed",
      "type": "aws_iam_role",
      "name": "JenkinsRubySlave",
      "provider": "provider[\"registry.terraform.io/hashicorp/aws\"]",
      "instances": [
        {
          "schema_version": 0,
          "attributes": {
            "arn": "arn:aws-us-gov:iam::050779347855:role/JenkinsRubySlave",
            "assume_role_policy": "{\"Version\": \"2012-10-17\", \"Statement\": [{\"Effect\": \"Allow\", \"Principal\": {\"Service\": \"ec2.amazonaws.com\"}, \"Action\": \"sts:AssumeRole\"}]}",
            "create_date": "2022-05-17T17:46:07Z",
            "description": "",
            "force_detach_policies": null,
            "id": "JenkinsRubySlave",
            "inline_policy": [],
            "managed_policy_arns": [
              "arn:aws-us-gov:iam::050779347855:policy/ECRDeployer"
            ],
            "max_session_duration": 3600,
            "name": "JenkinsRubySlave",
            "name_prefix": "",
            "path": "/",
            "permissions_boundary": null,
            "role_last_used": [],
            "tags": {},
            "tags_all": {},
            "unique_id": "AROAQXUVPLOHTFLZUU4QL"
          },
          "sensitive_attributes": []
        }
      ]
    },
    {
      "mode": "managed",
      "type": "aws_iam_role",
      "name": "LearningMediaMetadataUpdateRole",
      "provider": "provider[\"registry.terraform.io/hashicorp/aws\"]",
      "instances": [
        {
          "schema_version": 0,
          "attributes": {
            "arn": "arn:aws-us-gov:iam::050779347855:role/LearningMediaMetadataUpdateRole",
            "assume_role_policy": "{\"Version\": \"2012-10-17\", \"Statement\": [{\"Effect\": \"Allow\", \"Principal\": {\"Service\": \"lambda.amazonaws.com\"}, \"Action\": \"sts:AssumeRole\"}]}",
            "create_date": "2022-10-27T22:17:11Z",
            "description": "",
            "force_detach_policies": null,
            "id": "LearningMediaMetadataUpdateRole",
            "inline_policy": [
              {
                "name": "learning-media-MetadataUpdateTopic-access",
                "policy": "{\"Version\":\"2012-10-17\",\"Statement\":[{\"Action\":[\"sns:Publish\"],\"Effect\":\"Allow\",\"Resource\":[\"arn:aws-us-gov:sns:us-gov-west-1:050779347855:learning-media-MetadataUpdate\"]}]}"
              },
              {
                "name": "learning-media-distribution-access",
                "policy": "{\"Version\":\"2012-10-17\",\"Statement\":[{\"Action\":[\"s3:*\"],\"Effect\":\"Allow\",\"Resource\":[\"arn:aws-us-gov:s3:::allogy-gov-learning-media-distribution\",\"arn:aws-us-gov:s3:::allogy-gov-learning-media-distribution/*\"]}]}"
              }
            ],
            "managed_policy_arns": [
              "arn:aws-us-gov:iam::050779347855:policy/CloudWatchLogsWriteLogs"
            ],
            "max_session_duration": 3600,
            "name": "LearningMediaMetadataUpdateRole",
            "name_prefix": "",
            "path": "/",
            "permissions_boundary": null,
            "role_last_used": [],
            "tags": {},
            "tags_all": {},
            "unique_id": "AROAQXUVPLOH5XDIZUDRZ"
          },
          "sensitive_attributes": []
        }
      ]
    },
    {
      "mode": "managed",
      "type": "aws_iam_role",
      "name": "MediaConvertRole",
      "provider": "provider[\"registry.terraform.io/hashicorp/aws\"]",
      "instances": [
        {
          "schema_version": 0,
          "attributes": {
            "arn": "arn:aws-us-gov:iam::050779347855:role/MediaConvertRole",
            "assume_role_policy": "{\"Version\": \"2012-10-17\", \"Statement\": [{\"Effect\": \"Allow\", \"Principal\": {\"Service\": [\"mediaconvert.amazonaws.com\", \"lambda.amazonaws.com\"]}, \"Action\": \"sts:AssumeRole\"}]}",
            "create_date": "2022-07-22T20:28:42Z",
            "description": "",
            "force_detach_policies": null,
            "id": "MediaConvertRole",
            "inline_policy": [
              {
                "name": "media-convert-s3-access",
                "policy": "{\"Version\":\"2012-10-17\",\"Statement\":[{\"Action\":[\"s3:GetObject\"],\"Effect\":\"Allow\",\"Resource\":[\"arn:aws-us-gov:s3:::allogy-gov-learning-media\",\"arn:aws-us-gov:s3:::allogy-gov-learning-media/*\"]},{\"Action\":[\"s3:PutObject\",\"s3:ListBucket\"],\"Effect\":\"Allow\",\"Resource\":[\"arn:aws-us-gov:s3:::allogy-gov-learning-media-distribution\",\"arn:aws-us-gov:s3:::allogy-gov-learning-media-distribution/*\"]}]}"
              }
            ],
            "managed_policy_arns": [],
            "max_session_duration": 3600,
            "name": "MediaConvertRole",
            "name_prefix": "",
            "path": "/",
            "permissions_boundary": null,
            "role_last_used": [],
            "tags": {},
            "tags_all": {},
            "unique_id": "AROAQXUVPLOH6B5DDUWYE"
          },
          "sensitive_attributes": []
        }
      ]
    },
    {
      "mode": "managed",
      "type": "aws_iam_role",
      "name": "MediaStepsLambdaRole",
      "provider": "provider[\"registry.terraform.io/hashicorp/aws\"]",
      "instances": [
        {
          "schema_version": 0,
          "attributes": {
            "arn": "arn:aws-us-gov:iam::050779347855:role/MediaStepsLambdaRole",
            "assume_role_policy": "{\"Version\": \"2012-10-17\", \"Statement\": [{\"Effect\": \"Allow\", \"Principal\": {\"Service\": [\"mediaconvert.amazonaws.com\", \"lambda.amazonaws.com\"]}, \"Action\": \"sts:AssumeRole\"}]}",
            "create_date": "2022-05-18T00:11:52Z",
            "description": "",
            "force_detach_policies": null,
            "id": "MediaStepsLambdaRole",
            "inline_policy": [
              {
                "name": "media-convert-access",
                "policy": "{\"Version\":\"2012-10-17\",\"Statement\":[{\"Action\":[\"mediaconvert:GetJob\",\"mediaconvert:CreateJob\"],\"Effect\":\"Allow\",\"Resource\":[\"arn:aws-us-gov:mediaconvert:us-gov-west-1:050779347855:jobTemplates/*\",\"arn:aws-us-gov:mediaconvert:us-gov-west-1:050779347855:presets/*\",\"arn:aws-us-gov:mediaconvert:us-gov-west-1:050779347855:jobs/*\",\"arn:aws-us-gov:mediaconvert:us-gov-west-1:050779347855:queues/Default\"],\"Sid\":\"VisualEditor0\"}]}"
              },
              {
                "name": "media-step-functions-dynamodb",
                "policy": "{\"Version\":\"2012-10-17\",\"Statement\":[{\"Action\":[\"dynamodb:*\"],\"Effect\":\"Allow\",\"Resource\":\"arn:aws-us-gov:dynamodb:us-gov-west-1:050779347855:table/learning.MediaSteps\"}]}"
              },
              {
                "name": "media-step-functions-lambda-passrole-to-media-convert",
                "policy": "{\"Version\":\"2012-10-17\",\"Statement\":[{\"Action\":[\"iam:PassRole\"],\"Effect\":\"Allow\",\"Resource\":\"arn:aws-us-gov:iam::050779347855:role/MediaConvertRole\"}]}"
              },
              {
                "name": "media-step-functions-start-execution",
                "policy": "{\"Version\":\"2012-10-17\",\"Statement\":[{\"Action\":[\"states:StartExecution\"],\"Effect\":\"Allow\",\"Resource\":\"arn:aws-us-gov:states:us-gov-west-1:050779347855:stateMachine:MediaPublisher\"}]}"
              }
            ],
            "managed_policy_arns": [
              "arn:aws-us-gov:iam::050779347855:policy/CloudWatchLogsWriteLogs",
              "arn:aws-us-gov:iam::aws:policy/AmazonS3ReadOnlyAccess",
              "arn:aws-us-gov:iam::aws:policy/AmazonSNSReadOnlyAccess"
            ],
            "max_session_duration": 3600,
            "name": "MediaStepsLambdaRole",
            "name_prefix": "",
            "path": "/",
            "permissions_boundary": null,
            "role_last_used": [],
            "tags": {},
            "tags_all": {},
            "unique_id": "AROAQXUVPLOHUMTBWUGG6"
          },
          "sensitive_attributes": []
        }
      ]
    },
    {
      "mode": "managed",
      "type": "aws_iam_role",
      "name": "SessionManagerMinimum",
      "provider": "provider[\"registry.terraform.io/hashicorp/aws\"]",
      "instances": [
        {
          "schema_version": 0,
          "attributes": {
            "arn": "arn:aws-us-gov:iam::050779347855:role/SessionManagerMinimum",
            "assume_role_policy": "{\"Version\": \"2012-10-17\", \"Statement\": [{\"Effect\": \"Allow\", \"Principal\": {\"Service\": \"ec2.amazonaws.com\"}, \"Action\": \"sts:AssumeRole\"}]}",
            "create_date": "2022-06-01T01:09:36Z",
            "description": "Minimum policy for Session Manager",
            "force_detach_policies": null,
            "id": "SessionManagerMinimum",
            "inline_policy": [],
            "managed_policy_arns": [
              "arn:aws-us-gov:iam::050779347855:policy/SessionManagerMinimum"
            ],
            "max_session_duration": 3600,
            "name": "SessionManagerMinimum",
            "name_prefix": "",
            "path": "/",
            "permissions_boundary": null,
            "role_last_used": [],
            "tags": {},
            "tags_all": {},
            "unique_id": "AROAQXUVPLOHY5SP4BO6Z"
          },
          "sensitive_attributes": []
        }
      ]
    },
    {
      "mode": "managed",
      "type": "aws_iam_role",
      "name": "StatesExecutionRole",
      "provider": "provider[\"registry.terraform.io/hashicorp/aws\"]",
      "instances": [
        {
          "schema_version": 0,
          "attributes": {
            "arn": "arn:aws-us-gov:iam::050779347855:role/StatesExecutionRole",
            "assume_role_policy": "{\"Version\": \"2012-10-17\", \"Statement\": [{\"Sid\": \"\", \"Effect\": \"Allow\", \"Principal\": {\"Service\": \"states.amazonaws.com\"}, \"Action\": \"sts:AssumeRole\"}]}",
            "create_date": "2022-05-18T00:17:57Z",
            "description": "Allows Step Functions to access AWS resources on your behalf.",
            "force_detach_policies": null,
            "id": "StatesExecutionRole",
            "inline_policy": [],
            "managed_policy_arns": [
              "arn:aws-us-gov:iam::aws:policy/service-role/AWSLambdaRole"
            ],
            "max_session_duration": 3600,
            "name": "StatesExecutionRole",
            "name_prefix": "",
            "path": "/",
            "permissions_boundary": null,
            "role_last_used": [],
            "tags": {},
            "tags_all": {},
            "unique_id": "AROAQXUVPLOH4DS75ETP6"
          },
          "sensitive_attributes": []
        }
      ]
    },
    {
      "mode": "managed",
      "type": "aws_iam_role",
      "name": "allogy_rds_restore",
      "provider": "provider[\"registry.terraform.io/hashicorp/aws\"]",
      "instances": [
        {
          "schema_version": 0,
          "attributes": {
            "arn": "arn:aws-us-gov:iam::050779347855:role/allogy_rds_restore",
            "assume_role_policy": "{\"Version\": \"2012-10-17\", \"Statement\": [{\"Sid\": \"\", \"Effect\": \"Allow\", \"Principal\": {\"Service\": \"dms.amazonaws.com\"}, \"Action\": \"sts:AssumeRole\"}]}",
            "create_date": "2022-06-23T19:16:15Z",
            "description": "Allows you to grant RDS access to additional resources on your behalf.",
            "force_detach_policies": null,
            "id": "allogy_rds_restore",
            "inline_policy": [],
            "managed_policy_arns": [
              "arn:aws-us-gov:iam::050779347855:policy/allogy-dms-policy",
              "arn:aws-us-gov:iam::aws:policy/AmazonS3FullAccess"
            ],
            "max_session_duration": 3600,
            "name": "allogy_rds_restore",
            "name_prefix": "",
            "path": "/",
            "permissions_boundary": null,
            "role_last_used": [],
            "tags": {},
            "tags_all": {},
            "unique_id": "AROAQXUVPLOH6CRFI3XUG"
          },
          "sensitive_attributes": []
        }
      ]
    },
    {
      "mode": "managed",
      "type": "aws_iam_role",
      "name": "aws_api_gateway_role",
      "provider": "provider[\"registry.terraform.io/hashicorp/aws\"]",
      "instances": [
        {
          "schema_version": 0,
          "attributes": {
            "arn": "arn:aws-us-gov:iam::050779347855:role/aws-api-gateway-role",
            "assume_role_policy": "{\"Version\": \"2012-10-17\", \"Statement\": [{\"Sid\": \"\", \"Effect\": \"Allow\", \"Principal\": {\"Service\": \"apigateway.amazonaws.com\"}, \"Action\": \"sts:AssumeRole\"}]}",
            "create_date": "2022-07-14T14:32:50Z",
            "description": "Allows API Gateway to push logs to CloudWatch Logs, and invoke lambda functions.",
            "force_detach_policies": null,
            "id": "aws-api-gateway-role",
            "inline_policy": [
              {
                "name": "api-gateway-invoke-lambda-functions",
                "policy": "{\"Version\":\"2012-10-17\",\"Statement\":[{\"Action\":\"lambda:InvokeFunction\",\"Effect\":\"Allow\",\"Resource\":\"*\"}]}"
              }
            ],
            "managed_policy_arns": [
              "arn:aws-us-gov:iam::aws:policy/service-role/AmazonAPIGatewayPushToCloudWatchLogs"
            ],
            "max_session_duration": 3600,
            "name": "aws-api-gateway-role",
            "name_prefix": "",
            "path": "/",
            "permissions_boundary": null,
            "role_last_used": [],
            "tags": {},
            "tags_all": {},
            "unique_id": "AROAQXUVPLOH3RO243JI5"
          },
          "sensitive_attributes": []
        }
      ]
    },
    {
      "mode": "managed",
      "type": "aws_iam_role",
      "name": "aws_elasticbeanstalk_service_role",
      "provider": "provider[\"registry.terraform.io/hashicorp/aws\"]",
      "instances": [
        {
          "schema_version": 0,
          "attributes": {
            "arn": "arn:aws-us-gov:iam::050779347855:role/aws-elasticbeanstalk-service-role",
            "assume_role_policy": "{\"Version\": \"2012-10-17\", \"Statement\": [{\"Sid\": \"\", \"Effect\": \"Allow\", \"Principal\": {\"Service\": \"elasticbeanstalk.amazonaws.com\"}, \"Action\": \"sts:AssumeRole\", \"Condition\": {\"StringEquals\": {\"sts:ExternalId\": \"elasticbeanstalk\"}}}]}",
            "create_date": "2022-06-17T02:16:36Z",
            "description": "Allows Elastic Beanstalk to create and manage AWS resources on your behalf.",
            "force_detach_policies": null,
            "id": "aws-elasticbeanstalk-service-role",
            "inline_policy": [],
            "managed_policy_arns": [
              "arn:aws-us-gov:iam::aws:policy/AWSElasticBeanstalkWebTier",
              "arn:aws-us-gov:iam::aws:policy/service-role/AWSElasticBeanstalkEnhancedHealth",
              "arn:aws-us-gov:iam::aws:policy/service-role/AWSElasticBeanstalkService"
            ],
            "max_session_duration": 3600,
            "name": "aws-elasticbeanstalk-service-role",
            "name_prefix": "",
            "path": "/",
            "permissions_boundary": null,
            "role_last_used": [],
            "tags": {},
            "tags_all": {},
            "unique_id": "AROAQXUVPLOH5JKYF56AN"
          },
          "sensitive_attributes": []
        }
      ]
    },
    {
      "mode": "managed",
      "type": "aws_iam_role",
      "name": "cognito_authenticated_role_AllogyInternalCognito",
      "provider": "provider[\"registry.terraform.io/hashicorp/aws\"]",
      "instances": [
        {
          "schema_version": 0,
          "attributes": {
            "arn": "arn:aws-us-gov:iam::050779347855:role/cognito-authenticated-role-AllogyInternalCognito",
            "assume_role_policy": "{\"Version\": \"2012-10-17\", \"Statement\": [{\"Effect\": \"Allow\", \"Principal\": {\"Federated\": \"cognito-identity.amazonaws.com\"}, \"Action\": \"sts:AssumeRoleWithWebIdentity\", \"Condition\": {\"StringEquals\": {\"cognito-identity.amazonaws.com:aud\": \"us-gov-west-1:7be71f68-3c09-4aea-9e4c-40715455fea7\"}, \"ForAnyValue:StringLike\": {\"cognito-identity.amazonaws.com:amr\": \"authenticated\"}}}]}",
            "create_date": "2022-05-17T18:05:44Z",
            "description": "",
            "force_detach_policies": null,
            "id": "cognito-authenticated-role-AllogyInternalCognito",
            "inline_policy": [
              {
                "name": "CognitoAuthenticatedPolicy",
                "policy": "{\"Version\":\"2012-10-17\",\"Statement\":[{\"Action\":[\"mobileanalytics:PutEvents\",\"cognito-sync:*\",\"cognito-identity:*\"],\"Effect\":\"Allow\",\"Resource\":\"*\"}]}"
              }
            ],
            "managed_policy_arns": [],
            "max_session_duration": 3600,
            "name": "cognito-authenticated-role-AllogyInternalCognito",
            "name_prefix": "",
            "path": "/",
            "permissions_boundary": null,
            "role_last_used": [],
            "tags": {},
            "tags_all": {},
            "unique_id": "AROAQXUVPLOH33VYSUJHK"
          },
          "sensitive_attributes": []
        }
      ]
    },
    {
      "mode": "managed",
      "type": "aws_iam_role",
      "name": "cognito_unauthenticated_role_AllogyInternalCognito",
      "provider": "provider[\"registry.terraform.io/hashicorp/aws\"]",
      "instances": [
        {
          "schema_version": 0,
          "attributes": {
            "arn": "arn:aws-us-gov:iam::050779347855:role/cognito-unauthenticated-role-AllogyInternalCognito",
            "assume_role_policy": "{\"Version\": \"2012-10-17\", \"Statement\": [{\"Effect\": \"Allow\", \"Principal\": {\"Federated\": \"cognito-identity.amazonaws.com\"}, \"Action\": \"sts:AssumeRoleWithWebIdentity\", \"Condition\": {\"StringEquals\": {\"cognito-identity.amazonaws.com:aud\": \"us-gov-west-1:7be71f68-3c09-4aea-9e4c-40715455fea7\"}, \"ForAnyValue:StringLike\": {\"cognito-identity.amazonaws.com:amr\": \"unauthenticated\"}}}]}",
            "create_date": "2022-05-17T18:05:44Z",
            "description": "",
            "force_detach_policies": null,
            "id": "cognito-unauthenticated-role-AllogyInternalCognito",
            "inline_policy": [
              {
                "name": "CognitoUnAuthenticatedPolicy",
                "policy": "{\"Version\":\"2012-10-17\",\"Statement\":[{\"Action\":[\"mobileanalytics:PutEvents\",\"cognito-sync:*\"],\"Effect\":\"Allow\",\"Resource\":\"*\"}]}"
              }
            ],
            "managed_policy_arns": [],
            "max_session_duration": 3600,
            "name": "cognito-unauthenticated-role-AllogyInternalCognito",
            "name_prefix": "",
            "path": "/",
            "permissions_boundary": null,
            "role_last_used": [],
            "tags": {},
            "tags_all": {},
            "unique_id": "AROAQXUVPLOHZ76O4G7CK"
          },
          "sensitive_attributes": []
        }
      ]
    },
    {
      "mode": "managed",
      "type": "aws_iam_role",
      "name": "dms_cloudwatch_logs_role",
      "provider": "provider[\"registry.terraform.io/hashicorp/aws\"]",
      "instances": [
        {
          "schema_version": 0,
          "attributes": {
            "arn": "arn:aws-us-gov:iam::050779347855:role/dms-cloudwatch-logs-role",
            "assume_role_policy": "{\"Version\": \"2012-10-17\", \"Statement\": [{\"Effect\": \"Allow\", \"Principal\": {\"Service\": \"dms.amazonaws.com\"}, \"Action\": \"sts:AssumeRole\"}]}",
            "create_date": "2022-06-23T22:31:04Z",
            "description": "",
            "force_detach_policies": null,
            "id": "dms-cloudwatch-logs-role",
            "inline_policy": [],
            "managed_policy_arns": [
              "arn:aws-us-gov:iam::aws:policy/service-role/AmazonDMSCloudWatchLogsRole"
            ],
            "max_session_duration": 3600,
            "name": "dms-cloudwatch-logs-role",
            "name_prefix": "",
            "path": "/",
            "permissions_boundary": null,
            "role_last_used": [],
            "tags": {},
            "tags_all": {},
            "unique_id": "AROAQXUVPLOHXA75GM2SQ"
          },
          "sensitive_attributes": []
        }
      ]
    },
    {
      "mode": "managed",
      "type": "aws_iam_role",
      "name": "dms_vpc_role",
      "provider": "provider[\"registry.terraform.io/hashicorp/aws\"]",
      "instances": [
        {
          "schema_version": 0,
          "attributes": {
            "arn": "arn:aws-us-gov:iam::050779347855:role/dms-vpc-role",
            "assume_role_policy": "{\"Version\": \"2012-10-17\", \"Statement\": [{\"Sid\": \"\", \"Effect\": \"Allow\", \"Principal\": {\"Service\": \"dms.amazonaws.com\"}, \"Action\": \"sts:AssumeRole\"}]}",
            "create_date": "2022-06-23T21:15:49Z",
            "description": "",
            "force_detach_policies": null,
            "id": "dms-vpc-role",
            "inline_policy": [],
            "managed_policy_arns": [
              "arn:aws-us-gov:iam::aws:policy/service-role/AmazonDMSVPCManagementRole"
            ],
            "max_session_duration": 3600,
            "name": "dms-vpc-role",
            "name_prefix": "",
            "path": "/",
            "permissions_boundary": null,
            "role_last_used": [],
            "tags": {},
            "tags_all": {},
            "unique_id": "AROAQXUVPLOHXCJIEOQIF"
          },
          "sensitive_attributes": []
        }
      ]
    },
    {
      "mode": "managed",
      "type": "aws_iam_role",
      "name": "ecsAutoscaleRole",
      "provider": "provider[\"registry.terraform.io/hashicorp/aws\"]",
      "instances": [
        {
          "schema_version": 0,
          "attributes": {
            "arn": "arn:aws-us-gov:iam::050779347855:role/ecsAutoscaleRole",
            "assume_role_policy": "{\"Version\": \"2012-10-17\", \"Statement\": [{\"Effect\": \"Allow\", \"Principal\": {\"Service\": \"application-autoscaling.amazonaws.com\"}, \"Action\": \"sts:AssumeRole\"}]}",
            "create_date": "2022-06-25T19:47:12Z",
            "description": "",
            "force_detach_policies": null,
            "id": "ecsAutoscaleRole",
            "inline_policy": [],
            "managed_policy_arns": [
              "arn:aws-us-gov:iam::aws:policy/service-role/AmazonEC2ContainerServiceAutoscaleRole"
            ],
            "max_session_duration": 3600,
            "name": "ecsAutoscaleRole",
            "name_prefix": "",
            "path": "/",
            "permissions_boundary": null,
            "role_last_used": [],
            "tags": {},
            "tags_all": {},
            "unique_id": "AROAQXUVPLOHZ5JT4VYUM"
          },
          "sensitive_attributes": []
        }
      ]
    },
    {
      "mode": "managed",
      "type": "aws_iam_role",
      "name": "ecsInstanceRole",
      "provider": "provider[\"registry.terraform.io/hashicorp/aws\"]",
      "instances": [
        {
          "schema_version": 0,
          "attributes": {
            "arn": "arn:aws-us-gov:iam::050779347855:role/ecsInstanceRole",
            "assume_role_policy": "{\"Version\": \"2012-10-17\", \"Statement\": [{\"Effect\": \"Allow\", \"Principal\": {\"Service\": \"ec2.amazonaws.com\"}, \"Action\": \"sts:AssumeRole\"}]}",
            "create_date": "2022-05-19T01:23:22Z",
            "description": "Allows EC2 instances to call AWS services on your behalf.",
            "force_detach_policies": null,
            "id": "ecsInstanceRole",
            "inline_policy": [
              {
                "name": "ecsInstanceRole",
                "policy": "{\"Version\":\"2012-10-17\",\"Statement\":[{\"Action\":[\"ecs:CreateCluster\",\"ecs:DeregisterContainerInstance\",\"ecs:DiscoverPollEndpoint\",\"ecs:Poll\",\"ecs:RegisterContainerInstance\",\"ecs:Submit*\"],\"Effect\":\"Allow\",\"Resource\":[\"*\"]}]}"
              }
            ],
            "managed_policy_arns": [
              "arn:aws-us-gov:iam::050779347855:policy/CloudWatchWriteMetrics",
              "arn:aws-us-gov:iam::aws:policy/AWSXrayWriteOnlyAccess",
              "arn:aws-us-gov:iam::aws:policy/AmazonEC2ContainerRegistryReadOnly",
              "arn:aws-us-gov:iam::aws:policy/service-role/AmazonEC2ContainerServiceforEC2Role",
              "arn:aws-us-gov:iam::aws:policy/service-role/AmazonEC2RoleforSSM"
            ],
            "max_session_duration": 3600,
            "name": "ecsInstanceRole",
            "name_prefix": "",
            "path": "/",
            "permissions_boundary": null,
            "role_last_used": [],
            "tags": {},
            "tags_all": {},
            "unique_id": "AROAQXUVPLOHWZTBEXNI5"
          },
          "sensitive_attributes": []
        }
      ]
    },
    {
      "mode": "managed",
      "type": "aws_iam_role",
      "name": "ecsServiceRole",
      "provider": "provider[\"registry.terraform.io/hashicorp/aws\"]",
      "instances": [
        {
          "schema_version": 0,
          "attributes": {
            "arn": "arn:aws-us-gov:iam::050779347855:role/ecsServiceRole",
            "assume_role_policy": "{\"Version\": \"2012-10-17\", \"Statement\": [{\"Effect\": \"Allow\", \"Principal\": {\"Service\": \"ecs.amazonaws.com\"}, \"Action\": \"sts:AssumeRole\"}]}",
            "create_date": "2022-06-10T18:55:28Z",
            "description": "",
            "force_detach_policies": null,
            "id": "ecsServiceRole",
            "inline_policy": [],
            "managed_policy_arns": [
              "arn:aws-us-gov:iam::aws:policy/service-role/AmazonEC2ContainerServiceRole"
            ],
            "max_session_duration": 3600,
            "name": "ecsServiceRole",
            "name_prefix": "",
            "path": "/",
            "permissions_boundary": null,
            "role_last_used": [],
            "tags": {},
            "tags_all": {},
            "unique_id": "AROAQXUVPLOH2C43HE6BF"
          },
          "sensitive_attributes": []
        }
      ]
    },
    {
      "mode": "managed",
      "type": "aws_iam_role",
      "name": "infrastructure_ecsMetricCollector",
      "provider": "provider[\"registry.terraform.io/hashicorp/aws\"]",
      "instances": [
        {
          "schema_version": 0,
          "attributes": {
            "arn": "arn:aws-us-gov:iam::050779347855:role/infrastructure-ecsMetricCollector",
            "assume_role_policy": "{\"Version\": \"2012-10-17\", \"Statement\": [{\"Effect\": \"Allow\", \"Principal\": {\"Service\": \"lambda.amazonaws.com\"}, \"Action\": \"sts:AssumeRole\"}]}",
            "create_date": "2022-05-17T15:08:17Z",
            "description": "",
            "force_detach_policies": null,
            "id": "infrastructure-ecsMetricCollector",
            "inline_policy": [
              {
                "name": "ECSRead",
                "policy": "{\"Version\":\"2012-10-17\",\"Statement\":[{\"Action\":[\"ecs:List*\",\"ecs:Describe*\"],\"Effect\":\"Allow\",\"Resource\":\"*\"}]}"
              }
            ],
            "managed_policy_arns": [
              "arn:aws-us-gov:iam::050779347855:policy/CloudWatchLogsWriteLogs",
              "arn:aws-us-gov:iam::050779347855:policy/CloudWatchWriteMetrics"
            ],
            "max_session_duration": 3600,
            "name": "infrastructure-ecsMetricCollector",
            "name_prefix": "",
            "path": "/",
            "permissions_boundary": null,
            "role_last_used": [],
            "tags": {},
            "tags_all": {},
            "unique_id": "AROAQXUVPLOHUJSUVXP3L"
          },
          "sensitive_attributes": []
        }
      ]
    },
    {
      "mode": "managed",
      "type": "aws_iam_role",
      "name": "infrastructure_eureka_discovery_service",
      "provider": "provider[\"registry.terraform.io/hashicorp/aws\"]",
      "instances": [
        {
          "schema_version": 0,
          "attributes": {
            "arn": "arn:aws-us-gov:iam::050779347855:role/infrastructure-eureka-discovery-service",
            "assume_role_policy": "{\"Version\": \"2012-10-17\", \"Statement\": [{\"Effect\": \"Allow\", \"Principal\": {\"Service\": \"ecs-tasks.amazonaws.com\"}, \"Action\": \"sts:AssumeRole\"}]}",
            "create_date": "2022-06-14T03:16:41Z",
            "description": "",
            "force_detach_policies": null,
            "id": "infrastructure-eureka-discovery-service",
            "inline_policy": [
              {
                "name": "UpdateRoute53DNS",
                "policy": "{\"Version\":\"2012-10-17\",\"Statement\":[{\"Action\":\"route53:ChangeResourceRecordSets\",\"Effect\":\"Allow\",\"Resource\":\"arn:aws-us-gov:route53:::hostedzone/Z10007291701AVIAY46A3\"}]}"
              }
            ],
            "managed_policy_arns": [
              "arn:aws-us-gov:iam::050779347855:policy/CloudWatchLogsWriteLogs",
              "arn:aws-us-gov:iam::050779347855:policy/CloudWatchWriteMetrics"
            ],
            "max_session_duration": 3600,
            "name": "infrastructure-eureka-discovery-service",
            "name_prefix": "",
            "path": "/",
            "permissions_boundary": null,
            "role_last_used": [],
            "tags": {},
            "tags_all": {},
            "unique_id": "AROAQXUVPLOHXGJIC4QDS"
          },
          "sensitive_attributes": []
        }
      ]
    },
    {
      "mode": "managed",
      "type": "aws_iam_role",
      "name": "internal_services_gateway",
      "provider": "provider[\"registry.terraform.io/hashicorp/aws\"]",
      "instances": [
        {
          "schema_version": 0,
          "attributes": {
            "arn": "arn:aws-us-gov:iam::050779347855:role/internal-services-gateway",
            "assume_role_policy": "{\"Version\": \"2012-10-17\", \"Statement\": [{\"Effect\": \"Allow\", \"Principal\": {\"Service\": \"ec2.amazonaws.com\"}, \"Action\": \"sts:AssumeRole\"}]}",
            "create_date": "2022-05-17T15:23:32Z",
            "description": "",
            "force_detach_policies": null,
            "id": "internal-services-gateway",
            "inline_policy": [],
            "managed_policy_arns": [
              "arn:aws-us-gov:iam::050779347855:policy/CloudWatchLogsWriteLogs",
              "arn:aws-us-gov:iam::050779347855:policy/CloudWatchWriteMetrics",
              "arn:aws-us-gov:iam::050779347855:policy/ElasticBeanstalkDeployedService",
              "arn:aws-us-gov:iam::aws:policy/AmazonSSMManagedInstanceCore"
            ],
            "max_session_duration": 3600,
            "name": "internal-services-gateway",
            "name_prefix": "",
            "path": "/",
            "permissions_boundary": null,
            "role_last_used": [],
            "tags": {},
            "tags_all": {},
            "unique_id": "AROAQXUVPLOH5F6GXKW2A"
          },
          "sensitive_attributes": []
        }
      ]
    },
    {
      "mode": "managed",
      "type": "aws_iam_role",
      "name": "lambda_basic",
      "provider": "provider[\"registry.terraform.io/hashicorp/aws\"]",
      "instances": [
        {
          "schema_version": 0,
          "attributes": {
            "arn": "arn:aws-us-gov:iam::050779347855:role/lambda-basic",
            "assume_role_policy": "{\"Version\": \"2012-10-17\", \"Statement\": [{\"Effect\": \"Allow\", \"Principal\": {\"Service\": \"lambda.amazonaws.com\"}, \"Action\": \"sts:AssumeRole\"}]}",
            "create_date": "2022-07-14T01:33:40Z",
            "description": "",
            "force_detach_policies": null,
            "id": "lambda-basic",
            "inline_policy": [],
            "managed_policy_arns": [
              "arn:aws-us-gov:iam::050779347855:policy/CloudWatchLogsWriteLogs",
              "arn:aws-us-gov:iam::050779347855:policy/CloudWatchWriteMetrics",
              "arn:aws-us-gov:iam::050779347855:policy/service-role/AWSLambdaTracerAccessExecutionRole-5581a3b0-4107-4af2-97db-c9db00661e1f"
            ],
            "max_session_duration": 3600,
            "name": "lambda-basic",
            "name_prefix": "",
            "path": "/",
            "permissions_boundary": null,
            "role_last_used": [],
            "tags": {},
            "tags_all": {},
            "unique_id": "AROAQXUVPLOH35CX5K5CE"
          },
          "sensitive_attributes": []
        }
      ]
    },
    {
      "mode": "managed",
      "type": "aws_iam_role",
      "name": "lambda_identity_sign_in",
      "provider": "provider[\"registry.terraform.io/hashicorp/aws\"]",
      "instances": [
        {
          "schema_version": 0,
          "attributes": {
            "arn": "arn:aws-us-gov:iam::050779347855:role/lambda-identity-sign-in",
            "assume_role_policy": "{\"Version\": \"2012-10-17\", \"Statement\": [{\"Effect\": \"Allow\", \"Principal\": {\"Service\": \"lambda.amazonaws.com\"}, \"Action\": \"sts:AssumeRole\"}]}",
            "create_date": "2022-08-01T15:49:57Z",
            "description": "",
            "force_detach_policies": null,
            "id": "lambda-identity-sign-in",
            "inline_policy": [],
            "managed_policy_arns": [
              "arn:aws-us-gov:iam::050779347855:policy/CloudWatchLogsWriteLogs",
              "arn:aws-us-gov:iam::050779347855:policy/CloudWatchWriteMetrics",
              "arn:aws-us-gov:iam::aws:policy/service-role/AWSLambdaVPCAccessExecutionRole"
            ],
            "max_session_duration": 3600,
            "name": "lambda-identity-sign-in",
            "name_prefix": "",
            "path": "/",
            "permissions_boundary": null,
            "role_last_used": [],
            "tags": {},
            "tags_all": {},
            "unique_id": "AROAQXUVPLOHTTNZ3OF6K"
          },
          "sensitive_attributes": []
        }
      ]
    },
    {
      "mode": "managed",
      "type": "aws_iam_role",
      "name": "lambda_learning_activity_service",
      "provider": "provider[\"registry.terraform.io/hashicorp/aws\"]",
      "instances": [
        {
          "schema_version": 0,
          "attributes": {
            "arn": "arn:aws-us-gov:iam::050779347855:role/lambda-learning-activity-service",
            "assume_role_policy": "{\"Version\": \"2012-10-17\", \"Statement\": [{\"Effect\": \"Allow\", \"Principal\": {\"Service\": \"lambda.amazonaws.com\"}, \"Action\": \"sts:AssumeRole\"}]}",
            "create_date": "2022-07-14T02:52:19Z",
            "description": "",
            "force_detach_policies": null,
            "id": "lambda-learning-activity-service",
            "inline_policy": [
              {
                "name": "LambdaLearningActivitySNSRole",
                "policy": "{\"Version\":\"2012-10-17\",\"Statement\":{\"Action\":[\"sns:Publish\"],\"Effect\":\"Allow\",\"Resource\":[\"arn:aws-us-gov:sns:*:*:learning-activitiesPosted\"]}}"
              },
              {
                "name": "LambdaLearningActivitySendSqsRole",
                "policy": "{\"Version\":\"2012-10-17\",\"Statement\":{\"Action\":[\"sqs:SendMessage\"],\"Effect\":\"Allow\",\"Resource\":[\"arn:aws-us-gov:sqs:*:*:learning-CreateActivities\"]}}"
              }
            ],
            "managed_policy_arns": [
              "arn:aws-us-gov:iam::050779347855:policy/CloudWatchLogsWriteLogs",
              "arn:aws-us-gov:iam::050779347855:policy/CloudWatchWriteMetrics",
              "arn:aws-us-gov:iam::050779347855:policy/service-role/AWSLambdaTracerAccessExecutionRole-6a3ce6fa-3ed7-4eb4-a9fc-a93ef03bfbb1",
              "arn:aws-us-gov:iam::aws:policy/service-role/AWSLambdaVPCAccessExecutionRole"
            ],
            "max_session_duration": 3600,
            "name": "lambda-learning-activity-service",
            "name_prefix": "",
            "path": "/",
            "permissions_boundary": null,
            "role_last_used": [],
            "tags": {},
            "tags_all": {},
            "unique_id": "AROAQXUVPLOHTP2A3VEZR"
          },
          "sensitive_attributes": []
        }
      ]
    },
    {
      "mode": "managed",
      "type": "aws_iam_role",
      "name": "lambda_market_download_tracking_service",
      "provider": "provider[\"registry.terraform.io/hashicorp/aws\"]",
      "instances": [
        {
          "schema_version": 0,
          "attributes": {
            "arn": "arn:aws-us-gov:iam::050779347855:role/lambda-market-download-tracking-service",
            "assume_role_policy": "{\"Version\": \"2012-10-17\", \"Statement\": [{\"Effect\": \"Allow\", \"Principal\": {\"Service\": \"lambda.amazonaws.com\"}, \"Action\": \"sts:AssumeRole\"}]}",
            "create_date": "2022-07-22T01:04:32Z",
            "description": "",
            "force_detach_policies": null,
            "id": "lambda-market-download-tracking-service",
            "inline_policy": [
              {
                "name": "LambdaMarketDownloadDynamoDbAccess",
                "policy": "{\"Version\":\"2012-10-17\",\"Statement\":[{\"Action\":[\"dynamodb:*\"],\"Effect\":\"Allow\",\"Resource\":[\"arn:aws-us-gov:dynamodb::050779347855:table/market.download.Download\",\"arn:aws-us-gov:dynamodb::050779347855:table/market.download.Download/*\",\"arn:aws-us-gov:dynamodb::050779347855:table/market.download.Content\",\"arn:aws-us-gov:dynamodb::050779347855:table/market.download.Content/*\"]}]}"
              }
            ],
            "managed_policy_arns": [
              "arn:aws-us-gov:iam::050779347855:policy/CloudWatchLogsWriteLogs",
              "arn:aws-us-gov:iam::050779347855:policy/CloudWatchWriteMetrics"
            ],
            "max_session_duration": 3600,
            "name": "lambda-market-download-tracking-service",
            "name_prefix": "",
            "path": "/",
            "permissions_boundary": null,
            "role_last_used": [],
            "tags": {},
            "tags_all": {},
            "unique_id": "AROAQXUVPLOH5J63MLOH2"
          },
          "sensitive_attributes": []
        }
      ]
    },
    {
      "mode": "managed",
      "type": "aws_iam_role",
      "name": "learning_book_extractor_role",
      "provider": "provider[\"registry.terraform.io/hashicorp/aws\"]",
      "instances": [
        {
          "schema_version": 0,
          "attributes": {
            "arn": "arn:aws-us-gov:iam::050779347855:role/learning-book-extractor-role",
            "assume_role_policy": "{\"Version\": \"2012-10-17\", \"Statement\": [{\"Effect\": \"Allow\", \"Principal\": {\"Service\": \"lambda.amazonaws.com\"}, \"Action\": \"sts:AssumeRole\"}]}",
            "create_date": "2022-07-14T17:03:31Z",
            "description": "",
            "force_detach_policies": null,
            "id": "learning-book-extractor-role",
            "inline_policy": [
              {
                "name": "learning-book-extractor-s3-access",
                "policy": "{\"Version\":\"2012-10-17\",\"Statement\":[{\"Action\":[\"s3:*\"],\"Effect\":\"Allow\",\"Resource\":[\"arn:aws-us-gov:s3:::allogy-gov-bundles/*\",\"arn:aws-us-gov:s3:::allogy-gov-bundles\",\"arn:aws-us-gov:s3:::allogy-gov-contents/*\",\"arn:aws-us-gov:s3:::allogy-gov-contents\"]}]}"
              }
            ],
            "managed_policy_arns": [
              "arn:aws-us-gov:iam::050779347855:policy/CloudWatchLogsWriteLogs",
              "arn:aws-us-gov:iam::050779347855:policy/CloudWatchWriteMetrics",
              "arn:aws-us-gov:iam::aws:policy/service-role/AWSLambdaVPCAccessExecutionRole"
            ],
            "max_session_duration": 3600,
            "name": "learning-book-extractor-role",
            "name_prefix": "",
            "path": "/",
            "permissions_boundary": null,
            "role_last_used": [],
            "tags": {},
            "tags_all": {},
            "unique_id": "AROAQXUVPLOHYGJT2JI6C"
          },
          "sensitive_attributes": []
        }
      ]
    },
    {
      "mode": "managed",
      "type": "aws_iam_role",
      "name": "learning_media_lambda_image_role",
      "provider": "provider[\"registry.terraform.io/hashicorp/aws\"]",
      "instances": [
        {
          "schema_version": 0,
          "attributes": {
            "arn": "arn:aws-us-gov:iam::050779347855:role/learning-media-lambda-image-role",
            "assume_role_policy": "{\"Version\": \"2012-10-17\", \"Statement\": [{\"Effect\": \"Allow\", \"Principal\": {\"Service\": \"lambda.amazonaws.com\"}, \"Action\": \"sts:AssumeRole\"}]}",
            "create_date": "2022-06-28T17:28:21Z",
            "description": "",
            "force_detach_policies": null,
            "id": "learning-media-lambda-image-role",
            "inline_policy": [
              {
                "name": "LearningImageS3Access",
                "policy": "{\"Version\":\"2012-10-17\",\"Statement\":[{\"Action\":[\"s3:*\"],\"Effect\":\"Allow\",\"Resource\":[\"arn:aws-us-gov:s3:::allogy-gov-learning-image/*\",\"arn:aws-us-gov:s3:::allogy-gov-learning-image\",\"arn:aws-us-gov:s3:::allogy-gov-learning-image-distribution/*\",\"arn:aws-us-gov:s3:::allogy-gov-learning-image-distribution\",\"arn:aws-us-gov:s3:::allogy-gov-learning-icon/*\",\"arn:aws-us-gov:s3:::allogy-gov-learning-icon\",\"arn:aws-us-gov:s3:::allogy-gov-learning-icon-distribution/*\",\"arn:aws-us-gov:s3:::allogy-gov-learning-icon-distribution\"]}]}"
              }
            ],
            "managed_policy_arns": [
              "arn:aws-us-gov:iam::050779347855:policy/CloudWatchLogsWriteLogs",
              "arn:aws-us-gov:iam::050779347855:policy/CloudWatchWriteMetrics",
              "arn:aws-us-gov:iam::aws:policy/service-role/AWSLambdaVPCAccessExecutionRole"
            ],
            "max_session_duration": 3600,
            "name": "learning-media-lambda-image-role",
            "name_prefix": "",
            "path": "/",
            "permissions_boundary": null,
            "role_last_used": [],
            "tags": {},
            "tags_all": {},
            "unique_id": "AROAQXUVPLOHUVTZAI2FZ"
          },
          "sensitive_attributes": []
        }
      ]
    },
    {
      "mode": "managed",
      "type": "aws_iam_role",
      "name": "learning_media_metadata_update_role",
      "provider": "provider[\"registry.terraform.io/hashicorp/aws\"]",
      "instances": [
        {
          "schema_version": 0,
          "attributes": {
            "arn": "arn:aws-us-gov:iam::050779347855:role/learning-media-metadata-update-role",
            "assume_role_policy": "{\"Version\": \"2012-10-17\", \"Statement\": [{\"Effect\": \"Allow\", \"Principal\": {\"Service\": \"lambda.amazonaws.com\"}, \"Action\": \"sts:AssumeRole\"}]}",
            "create_date": "2022-08-01T15:40:10Z",
            "description": "",
            "force_detach_policies": null,
            "id": "learning-media-metadata-update-role",
            "inline_policy": [
              {
                "name": "learning-media-distribution-access",
                "policy": "{\"Version\":\"2012-10-17\",\"Statement\":[{\"Action\":[\"s3:*\"],\"Effect\":\"Allow\",\"Resource\":[\"arn:aws-us-gov:s3:::allogy-gov-learning-media-distribution\",\"arn:aws-us-gov:s3:::allogy-gov-learning-media-distribution/*\"]}]}"
              }
            ],
            "managed_policy_arns": [
              "arn:aws-us-gov:iam::050779347855:policy/CloudWatchLogsWriteLogs"
            ],
            "max_session_duration": 3600,
            "name": "learning-media-metadata-update-role",
            "name_prefix": "",
            "path": "/",
            "permissions_boundary": null,
            "role_last_used": [],
            "tags": {},
            "tags_all": {},
            "unique_id": "AROAQXUVPLOH4SVOKCFJK"
          },
          "sensitive_attributes": []
        }
      ]
    },
    {
      "mode": "managed",
      "type": "aws_iam_role",
      "name": "learning_media_pdf_processor_role",
      "provider": "provider[\"registry.terraform.io/hashicorp/aws\"]",
      "instances": [
        {
          "schema_version": 0,
          "attributes": {
            "arn": "arn:aws-us-gov:iam::050779347855:role/learning-media-pdf-processor-role",
            "assume_role_policy": "{\"Version\": \"2012-10-17\", \"Statement\": [{\"Effect\": \"Allow\", \"Principal\": {\"Service\": \"lambda.amazonaws.com\"}, \"Action\": \"sts:AssumeRole\"}]}",
            "create_date": "2022-08-02T14:47:53Z",
            "description": "",
            "force_detach_policies": null,
            "id": "learning-media-pdf-processor-role",
            "inline_policy": [
              {
                "name": "learning-media-pdf-s3-access",
                "policy": "{\"Version\":\"2012-10-17\",\"Statement\":[{\"Action\":[\"s3:PutObject\",\"s3:GetObject\",\"s3:ListBucket\"],\"Effect\":\"Allow\",\"Resource\":[\"arn:aws-us-gov:s3:::allogy-gov-learning-pdf\",\"arn:aws-us-gov:s3:::allogy-gov-learning-pdf/*\"],\"Sid\":\"VisualEditor0\"}]}"
              }
            ],
            "managed_policy_arns": [
              "arn:aws-us-gov:iam::050779347855:policy/CloudWatchLogsWriteLogs",
              "arn:aws-us-gov:iam::050779347855:policy/CloudWatchWriteMetrics",
              "arn:aws-us-gov:iam::aws:policy/service-role/AWSLambdaVPCAccessExecutionRole"
            ],
            "max_session_duration": 3600,
            "name": "learning-media-pdf-processor-role",
            "name_prefix": "",
            "path": "/",
            "permissions_boundary": null,
            "role_last_used": [],
            "tags": {},
            "tags_all": {},
            "unique_id": "AROAQXUVPLOHXDCPIQNLA"
          },
          "sensitive_attributes": []
        }
      ]
    },
    {
      "mode": "managed",
      "type": "aws_iam_role",
      "name": "rds_monitoring_role",
      "provider": "provider[\"registry.terraform.io/hashicorp/aws\"]",
      "instances": [
        {
          "schema_version": 0,
          "attributes": {
            "arn": "arn:aws-us-gov:iam::050779347855:role/rds-monitoring-role",
            "assume_role_policy": "{\"Version\": \"2012-10-17\", \"Statement\": [{\"Sid\": \"\", \"Effect\": \"Allow\", \"Principal\": {\"Service\": \"monitoring.rds.amazonaws.com\"}, \"Action\": \"sts:AssumeRole\"}]}",
            "create_date": "2022-06-23T19:20:08Z",
            "description": "",
            "force_detach_policies": null,
            "id": "rds-monitoring-role",
            "inline_policy": [],
            "managed_policy_arns": [
              "arn:aws-us-gov:iam::aws:policy/service-role/AmazonRDSEnhancedMonitoringRole"
            ],
            "max_session_duration": 3600,
            "name": "rds-monitoring-role",
            "name_prefix": "",
            "path": "/",
            "permissions_boundary": null,
            "role_last_used": [],
            "tags": {},
            "tags_all": {},
            "unique_id": "AROAQXUVPLOH5NEL7DUPA"
          },
          "sensitive_attributes": []
        }
      ]
    },
    {
      "mode": "managed",
      "type": "aws_iam_role",
      "name": "services_gateway",
      "provider": "provider[\"registry.terraform.io/hashicorp/aws\"]",
      "instances": [
        {
          "schema_version": 0,
          "attributes": {
            "arn": "arn:aws-us-gov:iam::050779347855:role/services-gateway",
            "assume_role_policy": "{\"Version\": \"2012-10-17\", \"Statement\": [{\"Effect\": \"Allow\", \"Principal\": {\"Service\": \"ec2.amazonaws.com\"}, \"Action\": \"sts:AssumeRole\"}]}",
            "create_date": "2022-05-17T17:57:20Z",
            "description": "",
            "force_detach_policies": null,
            "id": "services-gateway",
            "inline_policy": [],
            "managed_policy_arns": [
              "arn:aws-us-gov:iam::050779347855:policy/CloudWatchLogsWriteLogs",
              "arn:aws-us-gov:iam::050779347855:policy/ElasticBeanstalkDeployedService",
              "arn:aws-us-gov:iam::aws:policy/AmazonSSMManagedInstanceCore"
            ],
            "max_session_duration": 3600,
            "name": "services-gateway",
            "name_prefix": "",
            "path": "/",
            "permissions_boundary": null,
            "role_last_used": [],
            "tags": {},
            "tags_all": {},
            "unique_id": "AROAQXUVPLOH2Y36W3YBX"
          },
          "sensitive_attributes": []
        }
      ]
    },
    {
      "mode": "managed",
      "type": "aws_iam_role",
      "name": "ses_notification_recorder",
      "provider": "provider[\"registry.terraform.io/hashicorp/aws\"]",
      "instances": [
        {
          "schema_version": 0,
          "attributes": {
            "arn": "arn:aws-us-gov:iam::050779347855:role/ses-notification-recorder",
            "assume_role_policy": "{\"Version\": \"2012-10-17\", \"Statement\": [{\"Effect\": \"Allow\", \"Principal\": {\"Service\": \"lambda.amazonaws.com\"}, \"Action\": \"sts:AssumeRole\"}]}",
            "create_date": "2022-08-02T19:23:36Z",
            "description": "Write SES email status notifications to S3 via Kinesis Firehose.",
            "force_detach_policies": null,
            "id": "ses-notification-recorder",
            "inline_policy": [
              {
                "name": "firehose-put-record",
                "policy": "{\"Version\":\"2012-10-17\",\"Statement\":[{\"Action\":[\"firehose:PutRecord\",\"firehose:PutRecordBatch\"],\"Effect\":\"Allow\",\"Resource\":\"arn:aws-us-gov:firehose:us-gov-west-1:050779347855:deliverystream/ses-email-notifications\",\"Sid\":\"VisualEditor0\"}]}"
              }
            ],
            "managed_policy_arns": [
              "arn:aws-us-gov:iam::050779347855:policy/CloudWatchLogsWriteLogs"
            ],
            "max_session_duration": 3600,
            "name": "ses-notification-recorder",
            "name_prefix": "",
            "path": "/",
            "permissions_boundary": null,
            "role_last_used": [],
            "tags": {},
            "tags_all": {},
            "unique_id": "AROAQXUVPLOHZR52UIDMV"
          },
          "sensitive_attributes": []
        }
      ]
    },
    {
      "mode": "managed",
      "type": "aws_iam_role",
      "name": "ses_notifications_recorder_kinesis",
      "provider": "provider[\"registry.terraform.io/hashicorp/aws\"]",
      "instances": [
        {
          "schema_version": 0,
          "attributes": {
            "arn": "arn:aws-us-gov:iam::050779347855:role/ses-notifications-recorder-kinesis",
            "assume_role_policy": "{\"Version\": \"2012-10-17\", \"Statement\": [{\"Effect\": \"Allow\", \"Principal\": {\"Service\": \"firehose.amazonaws.com\"}, \"Action\": \"sts:AssumeRole\"}]}",
            "create_date": "2022-08-02T19:29:42Z",
            "description": "Allows Kinesis Firehose to transform and deliver data to your destinations using CloudWatch Logs, Lambda, and S3 on your behalf.",
            "force_detach_policies": null,
            "id": "ses-notifications-recorder-kinesis",
            "inline_policy": [
              {
                "name": "firehose_delivery_Role",
                "policy": "{\"Version\":\"2012-10-17\",\"Statement\":[{\"Action\":[\"kms:Decrypt\",\"kms:GenerateDataKey\"],\"Condition\":{\"StringEquals\":{\"kms:ViaService\":\"s3.us-gov-west-1.amazonaws.com\"},\"StringLike\":{\"kms:EncryptionContext:aws-us-gov:s3:arn\":\"arn:aws-us-gov:s3:::allogy-gov-email/ses-notifications/*\"}},\"Effect\":\"Allow\",\"Resource\":\"arn:aws-us-gov:kms:us-gov-west-1:050779347855:alias/aws/s3\",\"Sid\":\"VisualEditor0\"},{\"Action\":\"kms:Decrypt\",\"Condition\":{\"StringEquals\":{\"kms:ViaService\":\"kinesis.us-gov-west-1.amazonaws.com\"},\"StringLike\":{\"kms:EncryptionContext:aws-us-gov:kinesis:arn\":\"arn:aws-us-gov:kinesis:%REGION_NAME%:050779347855:stream%FIREHOSE_STREAM_NAME%\"}},\"Effect\":\"Allow\",\"Resource\":\"arn:aws-us-gov:kms:us-gov-west-1:050779347855:key/%SSE_KEY_ARN%\",\"Sid\":\"VisualEditor1\"},{\"Action\":[\"s3:PutObject\",\"s3:GetObject\",\"s3:ListBucketMultipartUploads\",\"s3:AbortMultipartUpload\",\"lambda:InvokeFunction\",\"kinesis:GetShardIterator\",\"kinesis:GetRecords\",\"kinesis:DescribeStream\",\"lambda:GetFunctionConfiguration\",\"s3:ListBucket\",\"logs:PutLogEvents\",\"s3:GetBucketLocation\"],\"Effect\":\"Allow\",\"Resource\":[\"arn:aws-us-gov:logs:us-gov-west-1:050779347855:log-group:/aws/kinesisfirehose/ses-email-notifications:log-stream:*\",\"arn:aws-us-gov:kinesis:us-gov-west-1:050779347855:stream/%FIREHOSE_STREAM_NAME%\",\"arn:aws-us-gov:lambda:us-gov-west-1:050779347855:function:%FIREHOSE_DEFAULT_FUNCTION%:%FIREHOSE_DEFAULT_VERSION%\",\"arn:aws-us-gov:s3:::allogy-gov-email\",\"arn:aws-us-gov:s3:::allogy-gov-email/*\",\"arn:aws-us-gov:s3:::%FIREHOSE_BUCKET_NAME%\",\"arn:aws-us-gov:s3:::%FIREHOSE_BUCKET_NAME%/*\"],\"Sid\":\"VisualEditor2\"}]}"
              }
            ],
            "managed_policy_arns": [],
            "max_session_duration": 3600,
            "name": "ses-notifications-recorder-kinesis",
            "name_prefix": "",
            "path": "/",
            "permissions_boundary": null,
            "role_last_used": [],
            "tags": {},
            "tags_all": {},
            "unique_id": "AROAQXUVPLOH4FDOQMR4I"
          },
          "sensitive_attributes": []
        }
      ]
    },
    {
      "mode": "managed",
      "type": "aws_iam_role",
      "name": "slack_lambda",
      "provider": "provider[\"registry.terraform.io/hashicorp/aws\"]",
      "instances": [
        {
          "schema_version": 0,
          "attributes": {
            "arn": "arn:aws-us-gov:iam::050779347855:role/slack-lambda",
            "assume_role_policy": "{\"Version\": \"2012-10-17\", \"Statement\": [{\"Effect\": \"Allow\", \"Principal\": {\"Service\": \"lambda.amazonaws.com\"}, \"Action\": \"sts:AssumeRole\"}]}",
            "create_date": "2022-10-06T19:43:11Z",
            "description": "",
            "force_detach_policies": null,
            "id": "slack-lambda",
            "inline_policy": [],
            "managed_policy_arns": [
              "arn:aws-us-gov:iam::050779347855:policy/CloudWatchLogsWriteLogs",
              "arn:aws-us-gov:iam::aws:policy/AmazonSNSReadOnlyAccess"
            ],
            "max_session_duration": 3600,
            "name": "slack-lambda",
            "name_prefix": "",
            "path": "/",
            "permissions_boundary": null,
            "role_last_used": [],
            "tags": {},
            "tags_all": {},
            "unique_id": "AROAQXUVPLOHTNIYDJE7U"
          },
          "sensitive_attributes": []
        }
      ]
    },
    {
      "mode": "managed",
      "type": "aws_iam_role",
      "name": "temp_admin",
      "provider": "provider[\"registry.terraform.io/hashicorp/aws\"]",
      "instances": [
        {
          "schema_version": 0,
          "attributes": {
            "arn": "arn:aws-us-gov:iam::050779347855:role/temp-admin",
            "assume_role_policy": "{\"Version\": \"2012-10-17\", \"Statement\": [{\"Effect\": \"Allow\", \"Principal\": {\"Service\": \"ec2.amazonaws.com\"}, \"Action\": \"sts:AssumeRole\"}]}",
            "create_date": "2022-07-11T23:07:14Z",
            "description": "temp admin for migration",
            "force_detach_policies": null,
            "id": "temp-admin",
            "inline_policy": [],
            "managed_policy_arns": [
              "arn:aws-us-gov:iam::050779347855:policy/SessionManagerMinimum",
              "arn:aws-us-gov:iam::aws:policy/AdministratorAccess"
            ],
            "max_session_duration": 3600,
            "name": "temp-admin",
            "name_prefix": "",
            "path": "/",
            "permissions_boundary": null,
            "role_last_used": [],
            "tags": {},
            "tags_all": {},
            "unique_id": "AROAQXUVPLOH7TAB7WDGK"
          },
          "sensitive_attributes": []
        }
      ]
    },
    {
      "mode": "managed",
      "type": "aws_iam_role",
      "name": "test",
      "provider": "provider[\"registry.terraform.io/hashicorp/aws\"]",
      "instances": [
        {
          "schema_version": 0,
          "attributes": {
            "arn": "arn:aws-us-gov:iam::050779347855:role/test",
            "assume_role_policy": "{\"Version\": \"2012-10-17\", \"Statement\": [{\"Effect\": \"Allow\", \"Principal\": {\"Service\": \"ec2.amazonaws.com\"}, \"Action\": \"sts:AssumeRole\"}]}",
            "create_date": "2022-05-18T00:10:22Z",
            "description": "Allows EC2 instances to call AWS services on your behalf.",
            "force_detach_policies": null,
            "id": "test",
            "inline_policy": [],
            "managed_policy_arns": [
              "arn:aws-us-gov:iam::050779347855:policy/AmazonElasticTranscoder_JobsSubmitter"
            ],
            "max_session_duration": 3600,
            "name": "test",
            "name_prefix": "",
            "path": "/",
            "permissions_boundary": null,
            "role_last_used": [],
            "tags": {},
            "tags_all": {},
            "unique_id": "AROAQXUVPLOH7UX5SIJYP"
          },
          "sensitive_attributes": []
        }
      ]
    },
    {
      "mode": "managed",
      "type": "aws_iam_role",
      "name": "web_app_assessment_service",
      "provider": "provider[\"registry.terraform.io/hashicorp/aws\"]",
      "instances": [
        {
          "schema_version": 0,
          "attributes": {
            "arn": "arn:aws-us-gov:iam::050779347855:role/web-app-assessment-service",
            "assume_role_policy": "{\"Version\": \"2012-10-17\", \"Statement\": [{\"Effect\": \"Allow\", \"Principal\": {\"Service\": \"ecs-tasks.amazonaws.com\"}, \"Action\": \"sts:AssumeRole\"}]}",
            "create_date": "2022-05-17T23:06:17Z",
            "description": "",
            "force_detach_policies": null,
            "id": "web-app-assessment-service",
            "inline_policy": [
              {
                "name": "PublishSNS",
                "policy": "{\"Version\":\"2012-10-17\",\"Statement\":[{\"Action\":[\"sns:Publish\"],\"Effect\":\"Allow\",\"Resource\":[\"arn:aws-us-gov:sns:us-gov-west-1:050779347855:learning-assessments-Assessment\",\"arn:aws-us-gov:sns:us-gov-west-1:050779347855:learning-assessments-AssessmentAttempt\"]}]}"
              }
            ],
            "managed_policy_arns": [
              "arn:aws-us-gov:iam::050779347855:policy/CloudWatchLogsWriteLogs",
              "arn:aws-us-gov:iam::050779347855:policy/CloudWatchWriteMetrics"
            ],
            "max_session_duration": 3600,
            "name": "web-app-assessment-service",
            "name_prefix": "",
            "path": "/",
            "permissions_boundary": null,
            "role_last_used": [],
            "tags": {},
            "tags_all": {},
            "unique_id": "AROAQXUVPLOHZ6NGOWJBV"
          },
          "sensitive_attributes": []
        }
      ]
    },
    {
      "mode": "managed",
      "type": "aws_iam_role",
      "name": "web_app_badge_service",
      "provider": "provider[\"registry.terraform.io/hashicorp/aws\"]",
      "instances": [
        {
          "schema_version": 0,
          "attributes": {
            "arn": "arn:aws-us-gov:iam::050779347855:role/web-app-badge-service",
            "assume_role_policy": "{\"Version\": \"2012-10-17\", \"Statement\": [{\"Effect\": \"Allow\", \"Principal\": {\"Service\": \"ecs-tasks.amazonaws.com\"}, \"Action\": \"sts:AssumeRole\"}]}",
            "create_date": "2022-05-17T14:48:40Z",
            "description": "",
            "force_detach_policies": null,
            "id": "web-app-badge-service",
            "inline_policy": [],
            "managed_policy_arns": [
              "arn:aws-us-gov:iam::050779347855:policy/CloudWatchLogsWriteLogs",
              "arn:aws-us-gov:iam::050779347855:policy/CloudWatchWriteMetrics",
              "arn:aws-us-gov:iam::050779347855:policy/ElasticSearchFullDomainAccess-ElasticSearchShared01"
            ],
            "max_session_duration": 3600,
            "name": "web-app-badge-service",
            "name_prefix": "",
            "path": "/",
            "permissions_boundary": null,
            "role_last_used": [],
            "tags": {},
            "tags_all": {},
            "unique_id": "AROAQXUVPLOH7BPTXGGEM"
          },
          "sensitive_attributes": []
        }
      ]
    },
    {
      "mode": "managed",
      "type": "aws_iam_role",
      "name": "web_app_bitbucket_repositories_archiver",
      "provider": "provider[\"registry.terraform.io/hashicorp/aws\"]",
      "instances": [
        {
          "schema_version": 0,
          "attributes": {
            "arn": "arn:aws-us-gov:iam::050779347855:role/web-app-bitbucket-repositories-archiver",
            "assume_role_policy": "{\"Version\": \"2012-10-17\", \"Statement\": [{\"Effect\": \"Allow\", \"Principal\": {\"Service\": \"ecs-tasks.amazonaws.com\"}, \"Action\": \"sts:AssumeRole\"}]}",
            "create_date": "2022-05-17T23:10:11Z",
            "description": "",
            "force_detach_policies": null,
            "id": "web-app-bitbucket-repositories-archiver",
            "inline_policy": [
              {
                "name": "web-app-bitbucket-repositories-archiver",
                "policy": "{\"Version\":\"2012-10-17\",\"Statement\":[{\"Action\":[\"s3:PutObject\"],\"Effect\":\"Allow\",\"Resource\":[\"arn:aws-us-gov:s3:::allogy-repositories-backup\",\"arn:aws-us-gov:s3:::allogy-repositories-backup/*\"]}]}"
              }
            ],
            "managed_policy_arns": [
              "arn:aws-us-gov:iam::050779347855:policy/CloudWatchLogsWriteLogs"
            ],
            "max_session_duration": 3600,
            "name": "web-app-bitbucket-repositories-archiver",
            "name_prefix": "",
            "path": "/",
            "permissions_boundary": null,
            "role_last_used": [],
            "tags": {},
            "tags_all": {},
            "unique_id": "AROAQXUVPLOHS3Q56H5LL"
          },
          "sensitive_attributes": []
        }
      ]
    },
    {
      "mode": "managed",
      "type": "aws_iam_role",
      "name": "web_app_book_parent_path_service",
      "provider": "provider[\"registry.terraform.io/hashicorp/aws\"]",
      "instances": [
        {
          "schema_version": 0,
          "attributes": {
            "arn": "arn:aws-us-gov:iam::050779347855:role/web-app-book-parent-path-service",
            "assume_role_policy": "{\"Version\": \"2012-10-17\", \"Statement\": [{\"Effect\": \"Allow\", \"Principal\": {\"Service\": \"ecs-tasks.amazonaws.com\"}, \"Action\": \"sts:AssumeRole\"}]}",
            "create_date": "2022-05-17T14:53:34Z",
            "description": "",
            "force_detach_policies": null,
            "id": "web-app-book-parent-path-service",
            "inline_policy": [],
            "managed_policy_arns": [
              "arn:aws-us-gov:iam::050779347855:policy/CloudWatchLogsWriteLogs",
              "arn:aws-us-gov:iam::050779347855:policy/CloudWatchWriteMetrics"
            ],
            "max_session_duration": 3600,
            "name": "web-app-book-parent-path-service",
            "name_prefix": "",
            "path": "/",
            "permissions_boundary": null,
            "role_last_used": [],
            "tags": {},
            "tags_all": {},
            "unique_id": "AROAQXUVPLOH5ROE6FQNC"
          },
          "sensitive_attributes": []
        }
      ]
    },
    {
      "mode": "managed",
      "type": "aws_iam_role",
      "name": "web_app_book_service",
      "provider": "provider[\"registry.terraform.io/hashicorp/aws\"]",
      "instances": [
        {
          "schema_version": 0,
          "attributes": {
            "arn": "arn:aws-us-gov:iam::050779347855:role/web-app-book-service",
            "assume_role_policy": "{\"Version\": \"2012-10-17\", \"Statement\": [{\"Effect\": \"Allow\", \"Principal\": {\"Service\": \"ec2.amazonaws.com\"}, \"Action\": \"sts:AssumeRole\"}]}",
            "create_date": "2022-07-15T02:45:46Z",
            "description": "",
            "force_detach_policies": null,
            "id": "web-app-book-service",
            "inline_policy": [
              {
                "name": "book-service-dynamodb-access",
                "policy": "{\"Version\":\"2012-10-17\",\"Statement\":[{\"Action\":\"dynamodb:*\",\"Effect\":\"Allow\",\"Resource\":\"arn:aws-us-gov:dynamodb:us-gov-west-1:050779347855:table/learning.Book\"}]}"
              },
              {
                "name": "book-service-s3-access",
                "policy": "{\"Version\":\"2012-10-17\",\"Statement\":[{\"Action\":\"s3:*\",\"Effect\":\"Allow\",\"Resource\":[\"arn:aws-us-gov:s3:::allogy-gov-bundles\",\"arn:aws-us-gov:s3:::allogy-gov-bundles/*\",\"arn:aws-us-gov:s3:::allogy-gov-contents\",\"arn:aws-us-gov:s3:::allogy-gov-contents/*\"]}]}"
              },
              {
                "name": "book-service-sns-notifications",
                "policy": "{\"Version\":\"2012-10-17\",\"Statement\":[{\"Action\":\"sns:*\",\"Effect\":\"Allow\",\"Resource\":\"arn:aws-us-gov:sns:us-gov-west-1:050779347855:learning-bookContentDownloaded\",\"Sid\":\"VisualEditor0\"}]}"
              }
            ],
            "managed_policy_arns": [
              "arn:aws-us-gov:iam::050779347855:policy/ElasticBeanstalkDeployedService",
              "arn:aws-us-gov:iam::aws:policy/AmazonSSMManagedInstanceCore"
            ],
            "max_session_duration": 3600,
            "name": "web-app-book-service",
            "name_prefix": "",
            "path": "/",
            "permissions_boundary": null,
            "role_last_used": [],
            "tags": {},
            "tags_all": {},
            "unique_id": "AROAQXUVPLOHZMJ376AXM"
          },
          "sensitive_attributes": []
        }
      ]
    },
    {
      "mode": "managed",
      "type": "aws_iam_role",
      "name": "web_app_book_tree_service",
      "provider": "provider[\"registry.terraform.io/hashicorp/aws\"]",
      "instances": [
        {
          "schema_version": 0,
          "attributes": {
            "arn": "arn:aws-us-gov:iam::050779347855:role/web-app-book-tree-service",
            "assume_role_policy": "{\"Version\": \"2012-10-17\", \"Statement\": [{\"Effect\": \"Allow\", \"Principal\": {\"Service\": \"ecs-tasks.amazonaws.com\"}, \"Action\": \"sts:AssumeRole\"}]}",
            "create_date": "2022-05-17T14:44:54Z",
            "description": "",
            "force_detach_policies": null,
            "id": "web-app-book-tree-service",
            "inline_policy": [],
            "managed_policy_arns": [
              "arn:aws-us-gov:iam::050779347855:policy/CloudWatchLogsWriteLogs",
              "arn:aws-us-gov:iam::050779347855:policy/CloudWatchWriteMetrics"
            ],
            "max_session_duration": 3600,
            "name": "web-app-book-tree-service",
            "name_prefix": "",
            "path": "/",
            "permissions_boundary": null,
            "role_last_used": [],
            "tags": {},
            "tags_all": {},
            "unique_id": "AROAQXUVPLOHXZVRXJMPE"
          },
          "sensitive_attributes": []
        }
      ]
    },
    {
      "mode": "managed",
      "type": "aws_iam_role",
      "name": "web_app_builder_find_bundled_works_task",
      "provider": "provider[\"registry.terraform.io/hashicorp/aws\"]",
      "instances": [
        {
          "schema_version": 0,
          "attributes": {
            "arn": "arn:aws-us-gov:iam::050779347855:role/web-app-builder-find-bundled-works-task",
            "assume_role_policy": "{\"Version\": \"2012-10-17\", \"Statement\": [{\"Effect\": \"Allow\", \"Principal\": {\"Service\": \"ecs-tasks.amazonaws.com\"}, \"Action\": \"sts:AssumeRole\"}]}",
            "create_date": "2022-05-17T16:17:07Z",
            "description": "",
            "force_detach_policies": null,
            "id": "web-app-builder-find-bundled-works-task",
            "inline_policy": [
              {
                "name": "read-update-publication-task",
                "policy": "{\"Version\":\"2012-10-17\",\"Statement\":[{\"Action\":[\"states:GetActivityTask\",\"states:SendTaskFailure\",\"states:SendTaskHeartbeat\",\"states:SendTaskSuccess\"],\"Effect\":\"Allow\",\"Resource\":[\"arn:aws-us-gov:states:us-gov-west-1:050779347855:activity:findBundledWorks\"]}]}"
              }
            ],
            "managed_policy_arns": [
              "arn:aws-us-gov:iam::050779347855:policy/CloudWatchLogsWriteLogs",
              "arn:aws-us-gov:iam::050779347855:policy/CloudWatchWriteMetrics"
            ],
            "max_session_duration": 3600,
            "name": "web-app-builder-find-bundled-works-task",
            "name_prefix": "",
            "path": "/",
            "permissions_boundary": null,
            "role_last_used": [],
            "tags": {},
            "tags_all": {},
            "unique_id": "AROAQXUVPLOHX3SVPTBZP"
          },
          "sensitive_attributes": []
        }
      ]
    },
    {
      "mode": "managed",
      "type": "aws_iam_role",
      "name": "web_app_builder_publish_bundled_works_task",
      "provider": "provider[\"registry.terraform.io/hashicorp/aws\"]",
      "instances": [
        {
          "schema_version": 0,
          "attributes": {
            "arn": "arn:aws-us-gov:iam::050779347855:role/web-app-builder-publish-bundled-works-task",
            "assume_role_policy": "{\"Version\": \"2012-10-17\", \"Statement\": [{\"Effect\": \"Allow\", \"Principal\": {\"Service\": \"ecs-tasks.amazonaws.com\"}, \"Action\": \"sts:AssumeRole\"}]}",
            "create_date": "2022-05-17T16:18:01Z",
            "description": "",
            "force_detach_policies": null,
            "id": "web-app-builder-publish-bundled-works-task",
            "inline_policy": [
              {
                "name": "read-update-publication-task",
                "policy": "{\"Version\":\"2012-10-17\",\"Statement\":[{\"Action\":[\"states:GetActivityTask\",\"states:SendTaskFailure\",\"states:SendTaskHeartbeat\",\"states:SendTaskSuccess\"],\"Effect\":\"Allow\",\"Resource\":[\"arn:aws-us-gov:states:us-gov-west-1:050779347855:activity:publishBundledWorks\",\"arn:aws-us-gov:states:us-gov-west-1:050779347855:activity:bundledWorksPublicationStatus\"]}]}"
              }
            ],
            "managed_policy_arns": [
              "arn:aws-us-gov:iam::050779347855:policy/CloudWatchLogsWriteLogs",
              "arn:aws-us-gov:iam::050779347855:policy/CloudWatchWriteMetrics"
            ],
            "max_session_duration": 3600,
            "name": "web-app-builder-publish-bundled-works-task",
            "name_prefix": "",
            "path": "/",
            "permissions_boundary": null,
            "role_last_used": [],
            "tags": {},
            "tags_all": {},
            "unique_id": "AROAQXUVPLOHY7SJUNH5T"
          },
          "sensitive_attributes": []
        }
      ]
    },
    {
      "mode": "managed",
      "type": "aws_iam_role",
      "name": "web_app_builder_publisher_task",
      "provider": "provider[\"registry.terraform.io/hashicorp/aws\"]",
      "instances": [
        {
          "schema_version": 0,
          "attributes": {
            "arn": "arn:aws-us-gov:iam::050779347855:role/web-app-builder-publisher-task",
            "assume_role_policy": "{\"Version\": \"2012-10-17\", \"Statement\": [{\"Effect\": \"Allow\", \"Principal\": {\"Service\": \"ecs-tasks.amazonaws.com\"}, \"Action\": \"sts:AssumeRole\"}]}",
            "create_date": "2022-05-17T14:55:37Z",
            "description": "",
            "force_detach_policies": null,
            "id": "web-app-builder-publisher-task",
            "inline_policy": [
              {
                "name": "read-update-publication-task",
                "policy": "{\"Version\":\"2012-10-17\",\"Statement\":[{\"Action\":[\"states:GetActivityTask\",\"states:SendTaskFailure\",\"states:SendTaskHeartbeat\",\"states:SendTaskSuccess\"],\"Effect\":\"Allow\",\"Resource\":[\"arn:aws-us-gov:states:us-gov-west-1:050779347855:activity:findBundledWorks\",\"arn:aws-us-gov:states:us-gov-west-1:050779347855:activity:publishBundledWorks\",\"arn:aws-us-gov:states:us-gov-west-1:050779347855:activity:bundledWorksPublicationStatus\",\"arn:aws-us-gov:states:us-gov-west-1:050779347855:activity:publishUsingBuilder\",\"arn:aws-us-gov:states:us-gov-west-1:050779347855:activity:courseInstancePublisherTask\",\"arn:aws-us-gov:states:us-gov-west-1:050779347855:activity:publishToMarketService\"]}]}"
              }
            ],
            "managed_policy_arns": [
              "arn:aws-us-gov:iam::050779347855:policy/CloudWatchLogsWriteLogs",
              "arn:aws-us-gov:iam::050779347855:policy/CloudWatchWriteMetrics"
            ],
            "max_session_duration": 3600,
            "name": "web-app-builder-publisher-task",
            "name_prefix": "",
            "path": "/",
            "permissions_boundary": null,
            "role_last_used": [],
            "tags": {},
            "tags_all": {},
            "unique_id": "AROAQXUVPLOHR73WQRB4Q"
          },
          "sensitive_attributes": []
        }
      ]
    },
    {
      "mode": "managed",
      "type": "aws_iam_role",
      "name": "web_app_builder_service",
      "provider": "provider[\"registry.terraform.io/hashicorp/aws\"]",
      "instances": [
        {
          "schema_version": 0,
          "attributes": {
            "arn": "arn:aws-us-gov:iam::050779347855:role/web-app-builder-service",
            "assume_role_policy": "{\"Version\": \"2012-10-17\", \"Statement\": [{\"Sid\": \"\", \"Effect\": \"Allow\", \"Principal\": {\"Service\": \"ecs-tasks.amazonaws.com\"}, \"Action\": \"sts:AssumeRole\"}]}",
            "create_date": "2022-06-27T13:13:20Z",
            "description": "Allows builder-service to send cloudwatch logs and metrics via ECS.",
            "force_detach_policies": null,
            "id": "web-app-builder-service",
            "inline_policy": [],
            "managed_policy_arns": [
              "arn:aws-us-gov:iam::050779347855:policy/CloudWatchLogsWriteLogs",
              "arn:aws-us-gov:iam::050779347855:policy/CloudWatchWriteMetrics"
            ],
            "max_session_duration": 3600,
            "name": "web-app-builder-service",
            "name_prefix": "",
            "path": "/",
            "permissions_boundary": null,
            "role_last_used": [],
            "tags": {},
            "tags_all": {},
            "unique_id": "AROAQXUVPLOHT5NBATNRS"
          },
          "sensitive_attributes": []
        }
      ]
    },
    {
      "mode": "managed",
      "type": "aws_iam_role",
      "name": "web_app_builder_sqs_task",
      "provider": "provider[\"registry.terraform.io/hashicorp/aws\"]",
      "instances": [
        {
          "schema_version": 0,
          "attributes": {
            "arn": "arn:aws-us-gov:iam::050779347855:role/web-app-builder-sqs-task",
            "assume_role_policy": "{\"Version\": \"2012-10-17\", \"Statement\": [{\"Effect\": \"Allow\", \"Principal\": {\"Service\": \"ecs-tasks.amazonaws.com\"}, \"Action\": \"sts:AssumeRole\"}]}",
            "create_date": "2022-05-17T23:15:59Z",
            "description": "",
            "force_detach_policies": null,
            "id": "web-app-builder-sqs-task",
            "inline_policy": [
              {
                "name": "ProcessUpdateQueue",
                "policy": "{\"Version\":\"2012-10-17\",\"Statement\":[{\"Action\":[\"sqs:Get*\",\"sqs:*Message*\"],\"Effect\":\"Allow\",\"Resource\":\"arn:aws-us-gov:sqs:us-gov-west-1:050779347855:builder-builderServiceUpdateQueue\"}]}"
              }
            ],
            "managed_policy_arns": [
              "arn:aws-us-gov:iam::050779347855:policy/CloudWatchLogsWriteLogs",
              "arn:aws-us-gov:iam::050779347855:policy/CloudWatchWriteMetrics"
            ],
            "max_session_duration": 3600,
            "name": "web-app-builder-sqs-task",
            "name_prefix": "",
            "path": "/",
            "permissions_boundary": null,
            "role_last_used": [],
            "tags": {},
            "tags_all": {},
            "unique_id": "AROAQXUVPLOHV3HQ67XNS"
          },
          "sensitive_attributes": []
        }
      ]
    },
    {
      "mode": "managed",
      "type": "aws_iam_role",
      "name": "web_app_chat_allogy_server",
      "provider": "provider[\"registry.terraform.io/hashicorp/aws\"]",
      "instances": [
        {
          "schema_version": 0,
          "attributes": {
            "arn": "arn:aws-us-gov:iam::050779347855:role/web-app-chat-allogy-server",
            "assume_role_policy": "{\"Version\": \"2012-10-17\", \"Statement\": [{\"Effect\": \"Allow\", \"Principal\": {\"Service\": \"ecs-tasks.amazonaws.com\"}, \"Action\": \"sts:AssumeRole\"}]}",
            "create_date": "2022-05-17T23:20:09Z",
            "description": "",
            "force_detach_policies": null,
            "id": "web-app-chat-allogy-server",
            "inline_policy": [
              {
                "name": "ProcessChatQueue",
                "policy": "{\"Version\":\"2012-10-17\",\"Statement\":[{\"Action\":[\"sqs:Get*\",\"sqs:*Message*\"],\"Effect\":\"Allow\",\"Resource\":\"arn:aws-us-gov:sqs:us-gov-west-1:050779347855:collaboration-chat-chatAllogyQueue\"}]}"
              }
            ],
            "managed_policy_arns": [
              "arn:aws-us-gov:iam::050779347855:policy/CloudWatchLogsWriteLogs",
              "arn:aws-us-gov:iam::050779347855:policy/CloudWatchWriteMetrics"
            ],
            "max_session_duration": 3600,
            "name": "web-app-chat-allogy-server",
            "name_prefix": "",
            "path": "/",
            "permissions_boundary": null,
            "role_last_used": [],
            "tags": {},
            "tags_all": {},
            "unique_id": "AROAQXUVPLOH7SVZ6DZYV"
          },
          "sensitive_attributes": []
        }
      ]
    },
    {
      "mode": "managed",
      "type": "aws_iam_role",
      "name": "web_app_code_service",
      "provider": "provider[\"registry.terraform.io/hashicorp/aws\"]",
      "instances": [
        {
          "schema_version": 0,
          "attributes": {
            "arn": "arn:aws-us-gov:iam::050779347855:role/web-app-code-service",
            "assume_role_policy": "{\"Version\": \"2012-10-17\", \"Statement\": [{\"Effect\": \"Allow\", \"Principal\": {\"Service\": \"ecs-tasks.amazonaws.com\"}, \"Action\": \"sts:AssumeRole\"}]}",
            "create_date": "2022-05-17T14:58:50Z",
            "description": "",
            "force_detach_policies": null,
            "id": "web-app-code-service",
            "inline_policy": [
              {
                "name": "dynamoDB",
                "policy": "{\"Version\":\"2012-10-17\",\"Statement\":[{\"Action\":\"dynamodb:*\",\"Effect\":\"Allow\",\"Resource\":[\"arn:aws-us-gov:dynamodb:us-gov-west-1:050779347855:table/userCodes.Code\",\"arn:aws-us-gov:dynamodb:us-gov-west-1:050779347855:table/userCodes.Code/*\"]}]}"
              }
            ],
            "managed_policy_arns": [
              "arn:aws-us-gov:iam::050779347855:policy/CloudWatchLogsWriteLogs"
            ],
            "max_session_duration": 3600,
            "name": "web-app-code-service",
            "name_prefix": "",
            "path": "/",
            "permissions_boundary": null,
            "role_last_used": [],
            "tags": {},
            "tags_all": {},
            "unique_id": "AROAQXUVPLOHZOX3ADRZT"
          },
          "sensitive_attributes": []
        }
      ]
    },
    {
      "mode": "managed",
      "type": "aws_iam_role",
      "name": "web_app_collaboration_person_service",
      "provider": "provider[\"registry.terraform.io/hashicorp/aws\"]",
      "instances": [
        {
          "schema_version": 0,
          "attributes": {
            "arn": "arn:aws-us-gov:iam::050779347855:role/web-app-collaboration-person-service",
            "assume_role_policy": "{\"Version\": \"2012-10-17\", \"Statement\": [{\"Effect\": \"Allow\", \"Principal\": {\"Service\": \"ec2.amazonaws.com\"}, \"Action\": \"sts:AssumeRole\"}]}",
            "create_date": "2022-07-14T16:39:42Z",
            "description": "Allows EC2 instances to call AWS services on your behalf.",
            "force_detach_policies": null,
            "id": "web-app-collaboration-person-service",
            "inline_policy": [
              {
                "name": "person-images-s3-buckets",
                "policy": "{\"Version\":\"2012-10-17\",\"Statement\":[{\"Action\":[\"s3:*\"],\"Effect\":\"Allow\",\"Resource\":[\"arn:aws-us-gov:s3:::allogy-gov-person-images-upload\",\"arn:aws-us-gov:s3:::allogy-gov-person-images-upload/*\",\"arn:aws-us-gov:s3:::allogy-gov-person-images-scaled\",\"arn:aws-us-gov:s3:::allogy-gov-person-images-scaled/*\"],\"Sid\":\"VisualEditor0\"}]}"
              }
            ],
            "managed_policy_arns": [
              "arn:aws-us-gov:iam::050779347855:policy/ElasticBeanstalkDeployedService",
              "arn:aws-us-gov:iam::aws:policy/AmazonSSMManagedInstanceCore"
            ],
            "max_session_duration": 3600,
            "name": "web-app-collaboration-person-service",
            "name_prefix": "",
            "path": "/",
            "permissions_boundary": null,
            "role_last_used": [],
            "tags": {},
            "tags_all": {},
            "unique_id": "AROAQXUVPLOH2K7GSPPAK"
          },
          "sensitive_attributes": []
        }
      ]
    },
    {
      "mode": "managed",
      "type": "aws_iam_role",
      "name": "web_app_collections_space_service",
      "provider": "provider[\"registry.terraform.io/hashicorp/aws\"]",
      "instances": [
        {
          "schema_version": 0,
          "attributes": {
            "arn": "arn:aws-us-gov:iam::050779347855:role/web-app-collections-space-service",
            "assume_role_policy": "{\"Version\": \"2012-10-17\", \"Statement\": [{\"Effect\": \"Allow\", \"Principal\": {\"Service\": \"ecs-tasks.amazonaws.com\"}, \"Action\": \"sts:AssumeRole\"}]}",
            "create_date": "2022-05-17T14:59:44Z",
            "description": "",
            "force_detach_policies": null,
            "id": "web-app-collections-space-service",
            "inline_policy": [],
            "managed_policy_arns": [
              "arn:aws-us-gov:iam::050779347855:policy/CloudWatchLogsWriteLogs",
              "arn:aws-us-gov:iam::050779347855:policy/CloudWatchWriteMetrics"
            ],
            "max_session_duration": 3600,
            "name": "web-app-collections-space-service",
            "name_prefix": "",
            "path": "/",
            "permissions_boundary": null,
            "role_last_used": [],
            "tags": {},
            "tags_all": {},
            "unique_id": "AROAQXUVPLOHSDDYTDTKR"
          },
          "sensitive_attributes": []
        }
      ]
    },
    {
      "mode": "managed",
      "type": "aws_iam_role",
      "name": "web_app_content_download_analytics_service",
      "provider": "provider[\"registry.terraform.io/hashicorp/aws\"]",
      "instances": [
        {
          "schema_version": 0,
          "attributes": {
            "arn": "arn:aws-us-gov:iam::050779347855:role/web-app-content-download-analytics-service",
            "assume_role_policy": "{\"Version\": \"2012-10-17\", \"Statement\": [{\"Effect\": \"Allow\", \"Principal\": {\"Service\": \"ecs-tasks.amazonaws.com\"}, \"Action\": \"sts:AssumeRole\"}]}",
            "create_date": "2022-05-17T15:01:55Z",
            "description": "",
            "force_detach_policies": null,
            "id": "web-app-content-download-analytics-service",
            "inline_policy": [
              {
                "name": "ProcessDownloadQueue",
                "policy": "{\"Version\":\"2012-10-17\",\"Statement\":[{\"Action\":[\"sqs:Get*\",\"sqs:*Message*\"],\"Effect\":\"Allow\",\"Resource\":\"arn:aws-us-gov:sqs:us-gov-west-1:050779347855:learning-contentDownloadsUpdateQueue\"}]}"
              },
              {
                "name": "content-download-analytics-service-dynamodb",
                "policy": "{\"Version\":\"2012-10-17\",\"Statement\":[{\"Action\":[\"dynamodb:*\"],\"Effect\":\"Allow\",\"Resource\":[\"arn:aws-us-gov:dynamodb:us-gov-west-1:050779347855:table/market.download.Download\"]}]}"
              }
            ],
            "managed_policy_arns": [
              "arn:aws-us-gov:iam::050779347855:policy/CloudWatchLogsWriteLogs",
              "arn:aws-us-gov:iam::050779347855:policy/CloudWatchWriteMetrics"
            ],
            "max_session_duration": 3600,
            "name": "web-app-content-download-analytics-service",
            "name_prefix": "",
            "path": "/",
            "permissions_boundary": null,
            "role_last_used": [],
            "tags": {},
            "tags_all": {},
            "unique_id": "AROAQXUVPLOHVBTEQV2B5"
          },
          "sensitive_attributes": []
        }
      ]
    },
    {
      "mode": "managed",
      "type": "aws_iam_role",
      "name": "web_app_course_certificate_pdf_service",
      "provider": "provider[\"registry.terraform.io/hashicorp/aws\"]",
      "instances": [
        {
          "schema_version": 0,
          "attributes": {
            "arn": "arn:aws-us-gov:iam::050779347855:role/web-app-course-certificate-pdf-service",
            "assume_role_policy": "{\"Version\": \"2012-10-17\", \"Statement\": [{\"Effect\": \"Allow\", \"Principal\": {\"Service\": \"ecs-tasks.amazonaws.com\"}, \"Action\": \"sts:AssumeRole\"}]}",
            "create_date": "2022-05-17T15:02:52Z",
            "description": "",
            "force_detach_policies": null,
            "id": "web-app-course-certificate-pdf-service",
            "inline_policy": [],
            "managed_policy_arns": [
              "arn:aws-us-gov:iam::050779347855:policy/CloudWatchLogsWriteLogs",
              "arn:aws-us-gov:iam::050779347855:policy/CloudWatchWriteMetrics"
            ],
            "max_session_duration": 3600,
            "name": "web-app-course-certificate-pdf-service",
            "name_prefix": "",
            "path": "/",
            "permissions_boundary": null,
            "role_last_used": [],
            "tags": {},
            "tags_all": {},
            "unique_id": "AROAQXUVPLOH2X4IV54IK"
          },
          "sensitive_attributes": []
        }
      ]
    },
    {
      "mode": "managed",
      "type": "aws_iam_role",
      "name": "web_app_course_content_progress_service",
      "provider": "provider[\"registry.terraform.io/hashicorp/aws\"]",
      "instances": [
        {
          "schema_version": 0,
          "attributes": {
            "arn": "arn:aws-us-gov:iam::050779347855:role/web-app-course-content-progress-service",
            "assume_role_policy": "{\"Version\": \"2012-10-17\", \"Statement\": [{\"Effect\": \"Allow\", \"Principal\": {\"Service\": \"ecs-tasks.amazonaws.com\"}, \"Action\": \"sts:AssumeRole\"}]}",
            "create_date": "2022-05-17T23:36:40Z",
            "description": "",
            "force_detach_policies": null,
            "id": "web-app-course-content-progress-service",
            "inline_policy": [
              {
                "name": "ProcessProgressQueue",
                "policy": "{\"Version\":\"2012-10-17\",\"Statement\":[{\"Action\":[\"sqs:Get*\",\"sqs:*Message*\"],\"Effect\":\"Allow\",\"Resource\":\"arn:aws-us-gov:sqs:us-gov-west-1:050779347855:learning-courseProgressNodesUpdated\"}]}"
              },
              {
                "name": "PublishSNS",
                "policy": "{\"Version\":\"2012-10-17\",\"Statement\":[{\"Action\":[\"sns:Publish\"],\"Effect\":\"Allow\",\"Resource\":[\"arn:aws-us-gov:sns:us-gov-west-1:050779347855:learning-courseProgressNodesUpdated\",\"arn:aws-us-gov:sns:us-gov-west-1:050779347855:learning-courseProgressAggregateUpdated\"]}]}"
              }
            ],
            "managed_policy_arns": [
              "arn:aws-us-gov:iam::050779347855:policy/CloudWatchLogsWriteLogs",
              "arn:aws-us-gov:iam::050779347855:policy/CloudWatchWriteMetrics"
            ],
            "max_session_duration": 3600,
            "name": "web-app-course-content-progress-service",
            "name_prefix": "",
            "path": "/",
            "permissions_boundary": null,
            "role_last_used": [],
            "tags": {},
            "tags_all": {},
            "unique_id": "AROAQXUVPLOH4MU4NUXUS"
          },
          "sensitive_attributes": []
        }
      ]
    },
    {
      "mode": "managed",
      "type": "aws_iam_role",
      "name": "web_app_course_instance_publisher_task",
      "provider": "provider[\"registry.terraform.io/hashicorp/aws\"]",
      "instances": [
        {
          "schema_version": 0,
          "attributes": {
            "arn": "arn:aws-us-gov:iam::050779347855:role/web-app-course-instance-publisher-task",
            "assume_role_policy": "{\"Version\": \"2012-10-17\", \"Statement\": [{\"Effect\": \"Allow\", \"Principal\": {\"Service\": \"ecs-tasks.amazonaws.com\"}, \"Action\": \"sts:AssumeRole\"}]}",
            "create_date": "2022-05-17T15:06:00Z",
            "description": "",
            "force_detach_policies": null,
            "id": "web-app-course-instance-publisher-task",
            "inline_policy": [
              {
                "name": "read-update-publication-task",
                "policy": "{\"Version\":\"2012-10-17\",\"Statement\":[{\"Action\":[\"states:GetActivityTask\",\"states:SendTaskFailure\",\"states:SendTaskHeartbeat\",\"states:SendTaskSuccess\"],\"Effect\":\"Allow\",\"Resource\":[\"arn:aws-us-gov:states:us-gov-west-1:050779347855:activity:courseInstancePublisherTask\"]}]}"
              }
            ],
            "managed_policy_arns": [
              "arn:aws-us-gov:iam::050779347855:policy/CloudWatchLogsWriteLogs",
              "arn:aws-us-gov:iam::050779347855:policy/CloudWatchWriteMetrics"
            ],
            "max_session_duration": 3600,
            "name": "web-app-course-instance-publisher-task",
            "name_prefix": "",
            "path": "/",
            "permissions_boundary": null,
            "role_last_used": [],
            "tags": {},
            "tags_all": {},
            "unique_id": "AROAQXUVPLOH4FZJQTW33"
          },
          "sensitive_attributes": []
        }
      ]
    },
    {
      "mode": "managed",
      "type": "aws_iam_role",
      "name": "web_app_course_instance_service",
      "provider": "provider[\"registry.terraform.io/hashicorp/aws\"]",
      "instances": [
        {
          "schema_version": 0,
          "attributes": {
            "arn": "arn:aws-us-gov:iam::050779347855:role/web-app-course-instance-service",
            "assume_role_policy": "{\"Version\": \"2012-10-17\", \"Statement\": [{\"Effect\": \"Allow\", \"Principal\": {\"Service\": \"ecs-tasks.amazonaws.com\"}, \"Action\": \"sts:AssumeRole\"}]}",
            "create_date": "2022-05-17T23:39:58Z",
            "description": "",
            "force_detach_policies": null,
            "id": "web-app-course-instance-service",
            "inline_policy": [
              {
                "name": "ProcessUpdateQueue",
                "policy": "{\"Version\":\"2012-10-17\",\"Statement\":[{\"Action\":[\"sqs:Get*\",\"sqs:*Message*\"],\"Effect\":\"Allow\",\"Resource\":\"arn:aws-us-gov:sqs:us-gov-west-1:050779347855:learning-courseInstanceUpdateQueue\"}]}"
              },
              {
                "name": "PublishSNS",
                "policy": "{\"Version\":\"2012-10-17\",\"Statement\":[{\"Action\":[\"sns:Publish\"],\"Effect\":\"Allow\",\"Resource\":[\"arn:aws-us-gov:sns:us-gov-west-1:050779347855:learning-courses-courseCreated\",\"arn:aws-us-gov:sns:us-gov-west-1:050779347855:learning-courses-studentEnrolled\",\"arn:aws-us-gov:sns:us-gov-west-1:050779347855:learning-courses-studentsRemoved\",\"arn:aws-us-gov:sns:us-gov-west-1:050779347855:learning-courses-courseCompleted\"]}]}"
              }
            ],
            "managed_policy_arns": [
              "arn:aws-us-gov:iam::050779347855:policy/CloudWatchLogsWriteLogs",
              "arn:aws-us-gov:iam::050779347855:policy/CloudWatchWriteMetrics"
            ],
            "max_session_duration": 3600,
            "name": "web-app-course-instance-service",
            "name_prefix": "",
            "path": "/",
            "permissions_boundary": null,
            "role_last_used": [],
            "tags": {},
            "tags_all": {},
            "unique_id": "AROAQXUVPLOH3KFCOMTKZ"
          },
          "sensitive_attributes": []
        }
      ]
    },
    {
      "mode": "managed",
      "type": "aws_iam_role",
      "name": "web_app_creator_graphql_api",
      "provider": "provider[\"registry.terraform.io/hashicorp/aws\"]",
      "instances": [
        {
          "schema_version": 0,
          "attributes": {
            "arn": "arn:aws-us-gov:iam::050779347855:role/web-app-creator-graphql-api",
            "assume_role_policy": "{\"Version\": \"2012-10-17\", \"Statement\": [{\"Effect\": \"Allow\", \"Principal\": {\"Service\": \"ecs-tasks.amazonaws.com\"}, \"Action\": \"sts:AssumeRole\"}]}",
            "create_date": "2022-05-17T15:04:30Z",
            "description": "",
            "force_detach_policies": null,
            "id": "web-app-creator-graphql-api",
            "inline_policy": [],
            "managed_policy_arns": [
              "arn:aws-us-gov:iam::050779347855:policy/CloudWatchLogsWriteLogs",
              "arn:aws-us-gov:iam::050779347855:policy/CloudWatchWriteMetrics"
            ],
            "max_session_duration": 3600,
            "name": "web-app-creator-graphql-api",
            "name_prefix": "",
            "path": "/",
            "permissions_boundary": null,
            "role_last_used": [],
            "tags": {},
            "tags_all": {},
            "unique_id": "AROAQXUVPLOH5YNSTMA37"
          },
          "sensitive_attributes": []
        }
      ]
    },
    {
      "mode": "managed",
      "type": "aws_iam_role",
      "name": "web_app_creator_settings_service",
      "provider": "provider[\"registry.terraform.io/hashicorp/aws\"]",
      "instances": [
        {
          "schema_version": 0,
          "attributes": {
            "arn": "arn:aws-us-gov:iam::050779347855:role/web-app-creator-settings-service",
            "assume_role_policy": "{\"Version\": \"2012-10-17\", \"Statement\": [{\"Effect\": \"Allow\", \"Principal\": {\"Service\": \"ecs-tasks.amazonaws.com\"}, \"Action\": \"sts:AssumeRole\"}]}",
            "create_date": "2022-05-17T16:55:37Z",
            "description": "",
            "force_detach_policies": null,
            "id": "web-app-creator-settings-service",
            "inline_policy": [],
            "managed_policy_arns": [
              "arn:aws-us-gov:iam::050779347855:policy/CloudWatchLogsWriteLogs"
            ],
            "max_session_duration": 3600,
            "name": "web-app-creator-settings-service",
            "name_prefix": "",
            "path": "/",
            "permissions_boundary": null,
            "role_last_used": [],
            "tags": {},
            "tags_all": {},
            "unique_id": "AROAQXUVPLOHWMRNJL6PT"
          },
          "sensitive_attributes": []
        }
      ]
    },
    {
      "mode": "managed",
      "type": "aws_iam_role",
      "name": "web_app_creator_user_settings_service",
      "provider": "provider[\"registry.terraform.io/hashicorp/aws\"]",
      "instances": [
        {
          "schema_version": 0,
          "attributes": {
            "arn": "arn:aws-us-gov:iam::050779347855:role/web-app-creator-user-settings-service",
            "assume_role_policy": "{\"Version\": \"2012-10-17\", \"Statement\": [{\"Effect\": \"Allow\", \"Principal\": {\"Service\": \"ecs-tasks.amazonaws.com\"}, \"Action\": \"sts:AssumeRole\"}]}",
            "create_date": "2022-05-17T15:17:17Z",
            "description": "",
            "force_detach_policies": null,
            "id": "web-app-creator-user-settings-service",
            "inline_policy": [],
            "managed_policy_arns": [
              "arn:aws-us-gov:iam::050779347855:policy/CloudWatchLogsWriteLogs",
              "arn:aws-us-gov:iam::050779347855:policy/CloudWatchWriteMetrics"
            ],
            "max_session_duration": 3600,
            "name": "web-app-creator-user-settings-service",
            "name_prefix": "",
            "path": "/",
            "permissions_boundary": null,
            "role_last_used": [],
            "tags": {},
            "tags_all": {},
            "unique_id": "AROAQXUVPLOHT2G7H5GZW"
          },
          "sensitive_attributes": []
        }
      ]
    },
    {
      "mode": "managed",
      "type": "aws_iam_role",
      "name": "web_app_dbt_clinician_web",
      "provider": "provider[\"registry.terraform.io/hashicorp/aws\"]",
      "instances": [
        {
          "schema_version": 0,
          "attributes": {
            "arn": "arn:aws-us-gov:iam::050779347855:role/web-app-dbt-clinician-web",
            "assume_role_policy": "{\"Version\": \"2012-10-17\", \"Statement\": [{\"Sid\": \"\", \"Effect\": \"Allow\", \"Principal\": {\"Service\": \"ec2.amazonaws.com\"}, \"Action\": \"sts:AssumeRole\"}]}",
            "create_date": "2022-05-17T15:15:28Z",
            "description": "",
            "force_detach_policies": null,
            "id": "web-app-dbt-clinician-web",
            "inline_policy": [
              {
                "name": "amazonSqs",
                "policy": "{\"Version\":\"2012-10-17\",\"Statement\":[{\"Action\":[\"sqs:*\"],\"Effect\":\"Allow\",\"Resource\":[\"arn:aws-us-gov:sqs:us-gov-west-1:*:dbt-dataSqs.fifo\",\"arn:aws-us-gov:sqs:us-gov-west-1:*:dbt-dataSqs.fifo/*\"]}]}"
              }
            ],
            "managed_policy_arns": [
              "arn:aws-us-gov:iam::050779347855:policy/CloudWatchLogsWriteLogs",
              "arn:aws-us-gov:iam::050779347855:policy/ElasticBeanstalkDeployedService",
              "arn:aws-us-gov:iam::aws:policy/AmazonSSMManagedInstanceCore"
            ],
            "max_session_duration": 3600,
            "name": "web-app-dbt-clinician-web",
            "name_prefix": "",
            "path": "/",
            "permissions_boundary": null,
            "role_last_used": [],
            "tags": {},
            "tags_all": {},
            "unique_id": "AROAQXUVPLOH7OP5WCYPY"
          },
          "sensitive_attributes": []
        }
      ]
    },
    {
      "mode": "managed",
      "type": "aws_iam_role",
      "name": "web_app_dbt_form_processor",
      "provider": "provider[\"registry.terraform.io/hashicorp/aws\"]",
      "instances": [
        {
          "schema_version": 0,
          "attributes": {
            "arn": "arn:aws-us-gov:iam::050779347855:role/web-app-dbt-form-processor",
            "assume_role_policy": "{\"Version\": \"2012-10-17\", \"Statement\": [{\"Effect\": \"Allow\", \"Principal\": {\"Service\": \"ecs-tasks.amazonaws.com\"}, \"Action\": \"sts:AssumeRole\"}]}",
            "create_date": "2022-05-17T15:20:44Z",
            "description": "",
            "force_detach_policies": null,
            "id": "web-app-dbt-form-processor",
            "inline_policy": [
              {
                "name": "amazonSqs",
                "policy": "{\"Version\":\"2012-10-17\",\"Statement\":[{\"Action\":[\"sqs:*\"],\"Effect\":\"Allow\",\"Resource\":[\"arn:aws-us-gov:sqs:us-gov-west-1:*:identity-tenant-dataSqs\",\"arn:aws-us-gov:sqs:us-gov-west-1:*:identity-tenant-dataSqs/*\",\"arn:aws-us-gov:sqs:us-gov-west-1:*:dbt-dataSqs.fifo\",\"arn:aws-us-gov:sqs:us-gov-west-1:*:dbt-dataSqs.fifo/*\",\"arn:aws-us-gov:sqs:us-gov-west-1:*:dbt-formSubmission\",\"arn:aws-us-gov:sqs:us-gov-west-1:*:dbt-formSubmission/*\"]}]}"
              },
              {
                "name": "awsStepFunction",
                "policy": "{\"Version\":\"2012-10-17\",\"Statement\":[{\"Action\":[\"states:*\"],\"Effect\":\"Allow\",\"Resource\":[\"arn:aws-us-gov:states:us-gov-west-1:*:activity:addToOnPremiseQueue\",\"arn:aws-us-gov:states:us-gov-west-1:*:activity:addToOnPremiseQueue/*\",\"arn:aws-us-gov:states:us-gov-west-1:*:stateMachine:FormSubmission\",\"arn:aws-us-gov:states:us-gov-west-1:*:stateMachine:FormSubmission/*\"]}]}"
              }
            ],
            "managed_policy_arns": [
              "arn:aws-us-gov:iam::050779347855:policy/CloudWatchLogsWriteLogs"
            ],
            "max_session_duration": 3600,
            "name": "web-app-dbt-form-processor",
            "name_prefix": "",
            "path": "/",
            "permissions_boundary": null,
            "role_last_used": [],
            "tags": {},
            "tags_all": {},
            "unique_id": "AROAQXUVPLOHUWOSJXC4C"
          },
          "sensitive_attributes": []
        }
      ]
    },
    {
      "mode": "managed",
      "type": "aws_iam_role",
      "name": "web_app_domain_model_service",
      "provider": "provider[\"registry.terraform.io/hashicorp/aws\"]",
      "instances": [
        {
          "schema_version": 0,
          "attributes": {
            "arn": "arn:aws-us-gov:iam::050779347855:role/web-app-domain-model-service",
            "assume_role_policy": "{\"Version\": \"2012-10-17\", \"Statement\": [{\"Effect\": \"Allow\", \"Principal\": {\"Service\": \"ecs-tasks.amazonaws.com\"}, \"Action\": \"sts:AssumeRole\"}]}",
            "create_date": "2022-05-17T16:00:35Z",
            "description": "",
            "force_detach_policies": null,
            "id": "web-app-domain-model-service",
            "inline_policy": [
              {
                "name": "domain-model-dynamodb",
                "policy": "{\"Version\":\"2012-10-17\",\"Statement\":[{\"Action\":[\"dynamodb:*\"],\"Effect\":\"Allow\",\"Resource\":[\"arn:aws-us-gov:dynamodb:us-gov-west-1:050779347855:table/learning.DomainModel\"]}]}"
              }
            ],
            "managed_policy_arns": [
              "arn:aws-us-gov:iam::050779347855:policy/CloudWatchLogsWriteLogs",
              "arn:aws-us-gov:iam::050779347855:policy/CloudWatchWriteMetrics"
            ],
            "max_session_duration": 3600,
            "name": "web-app-domain-model-service",
            "name_prefix": "",
            "path": "/",
            "permissions_boundary": null,
            "role_last_used": [],
            "tags": {},
            "tags_all": {},
            "unique_id": "AROAQXUVPLOH6FBWAL64F"
          },
          "sensitive_attributes": []
        }
      ]
    },
    {
      "mode": "managed",
      "type": "aws_iam_role",
      "name": "web_app_event_tracking_service",
      "provider": "provider[\"registry.terraform.io/hashicorp/aws\"]",
      "instances": [
        {
          "schema_version": 0,
          "attributes": {
            "arn": "arn:aws-us-gov:iam::050779347855:role/web-app-event-tracking-service",
            "assume_role_policy": "{\"Version\": \"2012-10-17\", \"Statement\": [{\"Effect\": \"Allow\", \"Principal\": {\"Service\": \"ecs-tasks.amazonaws.com\"}, \"Action\": \"sts:AssumeRole\"}]}",
            "create_date": "2022-10-27T03:20:26Z",
            "description": "",
            "force_detach_policies": null,
            "id": "web-app-event-tracking-service",
            "inline_policy": [],
            "managed_policy_arns": [
              "arn:aws-us-gov:iam::050779347855:policy/CloudWatchLogsWriteLogs",
              "arn:aws-us-gov:iam::050779347855:policy/CloudWatchWriteMetrics"
            ],
            "max_session_duration": 3600,
            "name": "web-app-event-tracking-service",
            "name_prefix": "",
            "path": "/",
            "permissions_boundary": null,
            "role_last_used": [],
            "tags": {},
            "tags_all": {},
            "unique_id": "AROAQXUVPLOHTRWZ4Q4E3"
          },
          "sensitive_attributes": []
        }
      ]
    },
    {
      "mode": "managed",
      "type": "aws_iam_role",
      "name": "web_app_external_app_service",
      "provider": "provider[\"registry.terraform.io/hashicorp/aws\"]",
      "instances": [
        {
          "schema_version": 0,
          "attributes": {
            "arn": "arn:aws-us-gov:iam::050779347855:role/web-app-external-app-service",
            "assume_role_policy": "{\"Version\": \"2012-10-17\", \"Statement\": [{\"Effect\": \"Allow\", \"Principal\": {\"Service\": \"ecs-tasks.amazonaws.com\"}, \"Action\": \"sts:AssumeRole\"}]}",
            "create_date": "2022-05-17T16:02:00Z",
            "description": "",
            "force_detach_policies": null,
            "id": "web-app-external-app-service",
            "inline_policy": [
              {
                "name": "PublishSNS",
                "policy": "{\"Version\":\"2012-10-17\",\"Statement\":[{\"Action\":[\"sns:Publish\"],\"Effect\":\"Allow\",\"Resource\":[\"arn:aws-us-gov:sns:us-gov-west-1:050779347855:market-externalApps-ExternalApp\"]}]}"
              }
            ],
            "managed_policy_arns": [
              "arn:aws-us-gov:iam::050779347855:policy/CloudWatchLogsWriteLogs",
              "arn:aws-us-gov:iam::050779347855:policy/CloudWatchWriteMetrics"
            ],
            "max_session_duration": 3600,
            "name": "web-app-external-app-service",
            "name_prefix": "",
            "path": "/",
            "permissions_boundary": null,
            "role_last_used": [],
            "tags": {},
            "tags_all": {},
            "unique_id": "AROAQXUVPLOHRZ64JULFE"
          },
          "sensitive_attributes": []
        }
      ]
    },
    {
      "mode": "managed",
      "type": "aws_iam_role",
      "name": "web_app_form_service",
      "provider": "provider[\"registry.terraform.io/hashicorp/aws\"]",
      "instances": [
        {
          "schema_version": 0,
          "attributes": {
            "arn": "arn:aws-us-gov:iam::050779347855:role/web-app-form-service",
            "assume_role_policy": "{\"Version\": \"2012-10-17\", \"Statement\": [{\"Effect\": \"Allow\", \"Principal\": {\"Service\": \"ec2.amazonaws.com\"}, \"Action\": \"sts:AssumeRole\"}]}",
            "create_date": "2022-07-13T20:30:06Z",
            "description": "Role for the form-service",
            "force_detach_policies": null,
            "id": "web-app-form-service",
            "inline_policy": [
              {
                "name": "PublishDocumentationSns",
                "policy": "{\"Version\":\"2012-10-17\",\"Statement\":[{\"Action\":\"sns:Publish\",\"Effect\":\"Allow\",\"Resource\":\"arn:aws-us-gov:sns:*:050779347855:documentation-*\",\"Sid\":\"VisualEditor0\"}]}"
              },
              {
                "name": "dynamodb-tables",
                "policy": "{\"Version\":\"2012-10-17\",\"Statement\":[{\"Action\":[\"dynamodb:*\"],\"Effect\":\"Allow\",\"Resource\":[\"arn:aws-us-gov:dynamodb:us-gov-west-1:050779347855:table/documentation.Form\",\"arn:aws-us-gov:dynamodb:us-gov-west-1:050779347855:table/documentation.Instance\",\"arn:aws-us-gov:dynamodb:us-gov-west-1:050779347855:table/forms.Form\",\"arn:aws-us-gov:dynamodb:us-gov-west-1:050779347855:table/forms.Instance\",\"arn:aws-us-gov:dynamodb:us-gov-west-1:050779347855:table/forms.Instance/index/*\"],\"Sid\":\"Stmt1441829666000\"}]}"
              }
            ],
            "managed_policy_arns": [
              "arn:aws-us-gov:iam::050779347855:policy/ElasticBeanstalkDeployedService",
              "arn:aws-us-gov:iam::aws:policy/AmazonSSMManagedInstanceCore"
            ],
            "max_session_duration": 3600,
            "name": "web-app-form-service",
            "name_prefix": "",
            "path": "/",
            "permissions_boundary": null,
            "role_last_used": [],
            "tags": {},
            "tags_all": {},
            "unique_id": "AROAQXUVPLOH3DPCZG4Q5"
          },
          "sensitive_attributes": []
        }
      ]
    },
    {
      "mode": "managed",
      "type": "aws_iam_role",
      "name": "web_app_gateway",
      "provider": "provider[\"registry.terraform.io/hashicorp/aws\"]",
      "instances": [
        {
          "schema_version": 0,
          "attributes": {
            "arn": "arn:aws-us-gov:iam::050779347855:role/web-app-gateway",
            "assume_role_policy": "{\"Version\": \"2012-10-17\", \"Statement\": [{\"Effect\": \"Allow\", \"Principal\": {\"Service\": \"ec2.amazonaws.com\"}, \"Action\": \"sts:AssumeRole\"}]}",
            "create_date": "2022-06-21T14:56:11Z",
            "description": "",
            "force_detach_policies": null,
            "id": "web-app-gateway",
            "inline_policy": [],
            "managed_policy_arns": [
              "arn:aws-us-gov:iam::050779347855:policy/CloudWatchLogsWriteLogs",
              "arn:aws-us-gov:iam::050779347855:policy/CloudWatchWriteMetrics",
              "arn:aws-us-gov:iam::050779347855:policy/ElasticBeanstalkDeployedService",
              "arn:aws-us-gov:iam::aws:policy/AWSElasticBeanstalkWebTier",
              "arn:aws-us-gov:iam::aws:policy/AmazonSSMManagedInstanceCore"
            ],
            "max_session_duration": 3600,
            "name": "web-app-gateway",
            "name_prefix": "",
            "path": "/",
            "permissions_boundary": null,
            "role_last_used": [],
            "tags": {},
            "tags_all": {},
            "unique_id": "AROAQXUVPLOH2ONNROXV6"
          },
          "sensitive_attributes": []
        }
      ]
    },
    {
      "mode": "managed",
      "type": "aws_iam_role",
      "name": "web_app_identity_service",
      "provider": "provider[\"registry.terraform.io/hashicorp/aws\"]",
      "instances": [
        {
          "schema_version": 0,
          "attributes": {
            "arn": "arn:aws-us-gov:iam::050779347855:role/web-app-identity-service",
            "assume_role_policy": "{\"Version\": \"2012-10-17\", \"Statement\": [{\"Effect\": \"Allow\", \"Principal\": {\"Service\": \"ec2.amazonaws.com\"}, \"Action\": \"sts:AssumeRole\"}]}",
            "create_date": "2022-06-30T01:07:55Z",
            "description": "Service Role for Identity Service",
            "force_detach_policies": null,
            "id": "web-app-identity-service",
            "inline_policy": [
              {
                "name": "Identity-Service-DynamoDB-RefreshToken",
                "policy": "{\"Version\":\"2012-10-17\",\"Statement\":[{\"Action\":[\"dynamodb:ListContributorInsights\",\"dynamodb:DescribeReservedCapacityOfferings\",\"dynamodb:ListGlobalTables\",\"dynamodb:ListTables\",\"dynamodb:DescribeReservedCapacity\",\"dynamodb:ListBackups\",\"dynamodb:PurchaseReservedCapacityOfferings\",\"dynamodb:DescribeLimits\",\"dynamodb:ListExports\",\"dynamodb:ListStreams\"],\"Effect\":\"Allow\",\"Resource\":\"*\",\"Sid\":\"VisualEditor0\"},{\"Action\":\"dynamodb:*\",\"Effect\":\"Allow\",\"Resource\":\"arn:aws-us-gov:dynamodb:us-gov-west-1:050779347855:table/identity.RefreshToken\",\"Sid\":\"VisualEditor1\"}]}"
              },
              {
                "name": "IdentityServiceUpdateQueueAccess",
                "policy": "{\"Version\":\"2012-10-17\",\"Statement\":[{\"Action\":[\"sqs:DeleteMessage\",\"sqs:GetQueueUrl\",\"sqs:ListDeadLetterSourceQueues\",\"sqs:ChangeMessageVisibility\",\"sqs:PurgeQueue\",\"sqs:ReceiveMessage\",\"sqs:SendMessage\",\"sqs:GetQueueAttributes\",\"sqs:ListQueueTags\"],\"Effect\":\"Allow\",\"Resource\":[\"arn:aws-us-gov:sqs:us-gov-west-1:050779347855:identity-identityUpdateQueue\",\"arn:aws-us-gov:sqs:us-gov-west-1:050779347855:identity-identityUpdateQueue-DLQ\"],\"Sid\":\"VisualEditor0\"}]}"
              },
              {
                "name": "identity-service-publish-event",
                "policy": "{\"Version\":\"2012-10-17\",\"Statement\":[{\"Action\":\"sns:Publish\",\"Effect\":\"Allow\",\"Resource\":[\"arn:aws-us-gov:sns:us-gov-west-1:050779347855:identity-sign-in\",\"arn:aws-us-gov:sns:us-gov-west-1:050779347855:identity-tenantIdentityActivation\",\"arn:aws-us-gov:sns:us-gov-west-1:050779347855:identity-emailAddressValidated\"],\"Sid\":\"VisualEditor0\"}]}"
              },
              {
                "name": "identity-service-ses-send-email",
                "policy": "{\"Version\":\"2012-10-17\",\"Statement\":[{\"Action\":[\"ses:SendEmail\",\"ses:SendRawEmail\"],\"Effect\":\"Allow\",\"Resource\":\"*\",\"Sid\":\"VisualEditor0\"}]}"
              }
            ],
            "managed_policy_arns": [
              "arn:aws-us-gov:iam::050779347855:policy/ElasticBeanstalkDeployedService",
              "arn:aws-us-gov:iam::aws:policy/AmazonSSMManagedInstanceCore",
              "arn:aws-us-gov:iam::aws:policy/service-role/AmazonEC2RoleforSSM"
            ],
            "max_session_duration": 3600,
            "name": "web-app-identity-service",
            "name_prefix": "",
            "path": "/",
            "permissions_boundary": null,
            "role_last_used": [],
            "tags": {},
            "tags_all": {},
            "unique_id": "AROAQXUVPLOHWEYO6SRXV"
          },
          "sensitive_attributes": []
        }
      ]
    },
    {
      "mode": "managed",
      "type": "aws_iam_role",
      "name": "web_app_image_reference_service",
      "provider": "provider[\"registry.terraform.io/hashicorp/aws\"]",
      "instances": [
        {
          "schema_version": 0,
          "attributes": {
            "arn": "arn:aws-us-gov:iam::050779347855:role/web-app-image-reference-service",
            "assume_role_policy": "{\"Version\": \"2012-10-17\", \"Statement\": [{\"Effect\": \"Allow\", \"Principal\": {\"Service\": \"ecs-tasks.amazonaws.com\"}, \"Action\": \"sts:AssumeRole\"}]}",
            "create_date": "2022-05-17T15:57:27Z",
            "description": "",
            "force_detach_policies": null,
            "id": "web-app-image-reference-service",
            "inline_policy": [
              {
                "name": "image-reference-dynamodb",
                "policy": "{\"Version\":\"2012-10-17\",\"Statement\":[{\"Action\":[\"dynamodb:*\"],\"Effect\":\"Allow\",\"Resource\":[\"arn:aws-us-gov:dynamodb:us-gov-west-1:050779347855:table/media.ImageReference\"]}]}"
              }
            ],
            "managed_policy_arns": [
              "arn:aws-us-gov:iam::050779347855:policy/CloudWatchLogsWriteLogs"
            ],
            "max_session_duration": 3600,
            "name": "web-app-image-reference-service",
            "name_prefix": "",
            "path": "/",
            "permissions_boundary": null,
            "role_last_used": [],
            "tags": {},
            "tags_all": {},
            "unique_id": "AROAQXUVPLOH3A43KENNM"
          },
          "sensitive_attributes": []
        }
      ]
    },
    {
      "mode": "managed",
      "type": "aws_iam_role",
      "name": "web_app_image_scaling_service",
      "provider": "provider[\"registry.terraform.io/hashicorp/aws\"]",
      "instances": [
        {
          "schema_version": 0,
          "attributes": {
            "arn": "arn:aws-us-gov:iam::050779347855:role/web-app-image-scaling-service",
            "assume_role_policy": "{\"Version\": \"2012-10-17\", \"Statement\": [{\"Sid\": \"\", \"Effect\": \"Allow\", \"Principal\": {\"Service\": \"ecs-tasks.amazonaws.com\"}, \"Action\": \"sts:AssumeRole\"}]}",
            "create_date": "2022-06-28T19:38:43Z",
            "description": "Allows ECS tasks to call AWS services on your behalf.",
            "force_detach_policies": null,
            "id": "web-app-image-scaling-service",
            "inline_policy": [],
            "managed_policy_arns": [
              "arn:aws-us-gov:iam::050779347855:policy/CloudWatchLogsWriteLogs",
              "arn:aws-us-gov:iam::050779347855:policy/all-buckets-access"
            ],
            "max_session_duration": 3600,
            "name": "web-app-image-scaling-service",
            "name_prefix": "",
            "path": "/",
            "permissions_boundary": null,
            "role_last_used": [],
            "tags": {},
            "tags_all": {},
            "unique_id": "AROAQXUVPLOH5D5HMRZ64"
          },
          "sensitive_attributes": []
        }
      ]
    },
    {
      "mode": "managed",
      "type": "aws_iam_role",
      "name": "web_app_instructor_graphql_api",
      "provider": "provider[\"registry.terraform.io/hashicorp/aws\"]",
      "instances": [
        {
          "schema_version": 0,
          "attributes": {
            "arn": "arn:aws-us-gov:iam::050779347855:role/web-app-instructor-graphql-api",
            "assume_role_policy": "{\"Version\": \"2012-10-17\", \"Statement\": [{\"Effect\": \"Allow\", \"Principal\": {\"Service\": \"ecs-tasks.amazonaws.com\"}, \"Action\": \"sts:AssumeRole\"}]}",
            "create_date": "2022-05-17T15:58:19Z",
            "description": "",
            "force_detach_policies": null,
            "id": "web-app-instructor-graphql-api",
            "inline_policy": [],
            "managed_policy_arns": [
              "arn:aws-us-gov:iam::050779347855:policy/CloudWatchLogsWriteLogs"
            ],
            "max_session_duration": 3600,
            "name": "web-app-instructor-graphql-api",
            "name_prefix": "",
            "path": "/",
            "permissions_boundary": null,
            "role_last_used": [],
            "tags": {},
            "tags_all": {},
            "unique_id": "AROAQXUVPLOHRZGSTG2MU"
          },
          "sensitive_attributes": []
        }
      ]
    },
    {
      "mode": "managed",
      "type": "aws_iam_role",
      "name": "web_app_ip_geo_location_service",
      "provider": "provider[\"registry.terraform.io/hashicorp/aws\"]",
      "instances": [
        {
          "schema_version": 0,
          "attributes": {
            "arn": "arn:aws-us-gov:iam::050779347855:role/web-app-ip-geo-location-service",
            "assume_role_policy": "{\"Version\": \"2012-10-17\", \"Statement\": [{\"Effect\": \"Allow\", \"Principal\": {\"Service\": \"ecs-tasks.amazonaws.com\"}, \"Action\": \"sts:AssumeRole\"}]}",
            "create_date": "2022-05-17T16:53:07Z",
            "description": "",
            "force_detach_policies": null,
            "id": "web-app-ip-geo-location-service",
            "inline_policy": [],
            "managed_policy_arns": [
              "arn:aws-us-gov:iam::050779347855:policy/CloudWatchLogsWriteLogs",
              "arn:aws-us-gov:iam::050779347855:policy/CloudWatchWriteMetrics"
            ],
            "max_session_duration": 3600,
            "name": "web-app-ip-geo-location-service",
            "name_prefix": "",
            "path": "/",
            "permissions_boundary": null,
            "role_last_used": [],
            "tags": {},
            "tags_all": {},
            "unique_id": "AROAQXUVPLOH4F3YYBDMY"
          },
          "sensitive_attributes": []
        }
      ]
    },
    {
      "mode": "managed",
      "type": "aws_iam_role",
      "name": "web_app_learner_graphql_api",
      "provider": "provider[\"registry.terraform.io/hashicorp/aws\"]",
      "instances": [
        {
          "schema_version": 0,
          "attributes": {
            "arn": "arn:aws-us-gov:iam::050779347855:role/web-app-learner-graphql-api",
            "assume_role_policy": "{\"Version\": \"2012-10-17\", \"Statement\": [{\"Effect\": \"Allow\", \"Principal\": {\"Service\": \"ecs-tasks.amazonaws.com\"}, \"Action\": \"sts:AssumeRole\"}]}",
            "create_date": "2022-05-17T17:42:43Z",
            "description": "",
            "force_detach_policies": null,
            "id": "web-app-learner-graphql-api",
            "inline_policy": [],
            "managed_policy_arns": [
              "arn:aws-us-gov:iam::050779347855:policy/CloudWatchLogsWriteLogs"
            ],
            "max_session_duration": 3600,
            "name": "web-app-learner-graphql-api",
            "name_prefix": "",
            "path": "/",
            "permissions_boundary": null,
            "role_last_used": [],
            "tags": {},
            "tags_all": {},
            "unique_id": "AROAQXUVPLOH2AEF4T2IJ"
          },
          "sensitive_attributes": []
        }
      ]
    },
    {
      "mode": "managed",
      "type": "aws_iam_role",
      "name": "web_app_learning_activity_service",
      "provider": "provider[\"registry.terraform.io/hashicorp/aws\"]",
      "instances": [
        {
          "schema_version": 0,
          "attributes": {
            "arn": "arn:aws-us-gov:iam::050779347855:role/web-app-learning-activity-service",
            "assume_role_policy": "{\"Version\": \"2012-10-17\", \"Statement\": [{\"Effect\": \"Allow\", \"Principal\": {\"Service\": \"ecs-tasks.amazonaws.com\"}, \"Action\": \"sts:AssumeRole\"}]}",
            "create_date": "2022-05-17T17:47:22Z",
            "description": "",
            "force_detach_policies": null,
            "id": "web-app-learning-activity-service",
            "inline_policy": [
              {
                "name": "ReadActivityInputQueue",
                "policy": "{\"Version\":\"2012-10-17\",\"Statement\":[{\"Action\":\"sqs:*\",\"Effect\":\"Allow\",\"Resource\":\"arn:aws-us-gov:sqs:us-gov-west-1:050779347855:learning-CreateActivities\",\"Sid\":\"VisualEditor1\"}]}"
              }
            ],
            "managed_policy_arns": [
              "arn:aws-us-gov:iam::050779347855:policy/CloudWatchLogsWriteLogs",
              "arn:aws-us-gov:iam::050779347855:policy/CloudWatchWriteMetrics"
            ],
            "max_session_duration": 3600,
            "name": "web-app-learning-activity-service",
            "name_prefix": "",
            "path": "/",
            "permissions_boundary": null,
            "role_last_used": [],
            "tags": {},
            "tags_all": {},
            "unique_id": "AROAQXUVPLOH6O7T5CKOY"
          },
          "sensitive_attributes": []
        }
      ]
    },
    {
      "mode": "managed",
      "type": "aws_iam_role",
      "name": "web_app_learning_media_service",
      "provider": "provider[\"registry.terraform.io/hashicorp/aws\"]",
      "instances": [
        {
          "schema_version": 0,
          "attributes": {
            "arn": "arn:aws-us-gov:iam::050779347855:role/web-app-learning-media-service",
            "assume_role_policy": "{\"Version\": \"2012-10-17\", \"Statement\": [{\"Sid\": \"\", \"Effect\": \"Allow\", \"Principal\": {\"Service\": \"ecs-tasks.amazonaws.com\"}, \"Action\": \"sts:AssumeRole\"}]}",
            "create_date": "2022-06-28T20:47:27Z",
            "description": "Allows ECS tasks to call AWS services on your behalf.",
            "force_detach_policies": null,
            "id": "web-app-learning-media-service",
            "inline_policy": [
              {
                "name": "s3-learning-media-service",
                "policy": "{\"Version\":\"2012-10-17\",\"Statement\":[{\"Action\":[\"s3:*\"],\"Effect\":\"Allow\",\"Resource\":[\"arn:aws-us-gov:s3:::allogy-gov-learning-media/*\",\"arn:aws-us-gov:s3:::allogy-gov-learning-media\",\"arn:aws-us-gov:s3:::allogy-gov-learning-media-distribution/*\",\"arn:aws-us-gov:s3:::allogy-gov-learning-media-distribution\",\"arn:aws-us-gov:s3:::allogy-gov-learning-image/*\",\"arn:aws-us-gov:s3:::allogy-gov-learning-image\",\"arn:aws-us-gov:s3:::allogy-gov-learning-image-distribution/*\",\"arn:aws-us-gov:s3:::allogy-gov-learning-image-distribution\",\"arn:aws-us-gov:s3:::allogy-gov-learning-pdf/*\",\"arn:aws-us-gov:s3:::allogy-gov-learning-pdf\",\"arn:aws-us-gov:s3:::allogy-gov-learning-icon/*\",\"arn:aws-us-gov:s3:::allogy-gov-learning-icon\",\"arn:aws-us-gov:s3:::allogy-gov-learning-icon-distribution/*\",\"arn:aws-us-gov:s3:::allogy-gov-learning-icon-distribution\"]}]}"
              }
            ],
            "managed_policy_arns": [
              "arn:aws-us-gov:iam::050779347855:policy/CloudWatchLogsWriteLogs",
              "arn:aws-us-gov:iam::050779347855:policy/CloudWatchWriteMetrics"
            ],
            "max_session_duration": 3600,
            "name": "web-app-learning-media-service",
            "name_prefix": "",
            "path": "/",
            "permissions_boundary": null,
            "role_last_used": [],
            "tags": {},
            "tags_all": {},
            "unique_id": "AROAQXUVPLOH4WEQ5ZN7C"
          },
          "sensitive_attributes": []
        }
      ]
    },
    {
      "mode": "managed",
      "type": "aws_iam_role",
      "name": "web_app_market_publisher_task",
      "provider": "provider[\"registry.terraform.io/hashicorp/aws\"]",
      "instances": [
        {
          "schema_version": 0,
          "attributes": {
            "arn": "arn:aws-us-gov:iam::050779347855:role/web-app-market-publisher-task",
            "assume_role_policy": "{\"Version\": \"2012-10-17\", \"Statement\": [{\"Effect\": \"Allow\", \"Principal\": {\"Service\": \"ecs-tasks.amazonaws.com\"}, \"Action\": \"sts:AssumeRole\"}]}",
            "create_date": "2022-05-17T16:24:41Z",
            "description": "",
            "force_detach_policies": null,
            "id": "web-app-market-publisher-task",
            "inline_policy": [
              {
                "name": "MarketPublicationActivityAccess",
                "policy": "{\"Version\":\"2012-10-17\",\"Statement\":[{\"Action\":[\"states:GetActivityTask\",\"states:SendTaskFailure\",\"states:SendTaskHeartbeat\",\"states:SendTaskSuccess\"],\"Effect\":\"Allow\",\"Resource\":[\"arn:aws-us-gov:states:us-gov-west-1:050779347855:activity:publishToMarketService\"]}]}"
              }
            ],
            "managed_policy_arns": [
              "arn:aws-us-gov:iam::050779347855:policy/CloudWatchLogsWriteLogs"
            ],
            "max_session_duration": 3600,
            "name": "web-app-market-publisher-task",
            "name_prefix": "",
            "path": "/",
            "permissions_boundary": null,
            "role_last_used": [],
            "tags": {},
            "tags_all": {},
            "unique_id": "AROAQXUVPLOH2WQLKHLGJ"
          },
          "sensitive_attributes": []
        }
      ]
    },
    {
      "mode": "managed",
      "type": "aws_iam_role",
      "name": "web_app_market_search_service",
      "provider": "provider[\"registry.terraform.io/hashicorp/aws\"]",
      "instances": [
        {
          "schema_version": 0,
          "attributes": {
            "arn": "arn:aws-us-gov:iam::050779347855:role/web-app-market-search-service",
            "assume_role_policy": "{\"Version\": \"2012-10-17\", \"Statement\": [{\"Effect\": \"Allow\", \"Principal\": {\"Service\": \"ecs-tasks.amazonaws.com\"}, \"Action\": \"sts:AssumeRole\"}]}",
            "create_date": "2022-06-29T03:37:58Z",
            "description": "",
            "force_detach_policies": null,
            "id": "web-app-market-search-service",
            "inline_policy": [
              {
                "name": "market-search-sqs-full-access-search-queues",
                "policy": "{\"Version\":\"2012-10-17\",\"Statement\":[{\"Action\":[\"sqs:*\"],\"Effect\":\"Allow\",\"Resource\":[\"arn:aws-us-gov:sqs:us-gov-west-1:050779347855:market-marketSearchContentUpdateQueue\",\"arn:aws-us-gov:sqs:us-gov-west-1:050779347855:market-marketSearchContentOrganizationQueue\"]}]}"
              }
            ],
            "managed_policy_arns": [
              "arn:aws-us-gov:iam::050779347855:policy/CloudWatchLogsWriteLogs",
              "arn:aws-us-gov:iam::050779347855:policy/CloudWatchWriteMetrics",
              "arn:aws-us-gov:iam::050779347855:policy/ElasticSearchFullDomainAccess-ElasticSearchShared01"
            ],
            "max_session_duration": 3600,
            "name": "web-app-market-search-service",
            "name_prefix": "",
            "path": "/",
            "permissions_boundary": null,
            "role_last_used": [],
            "tags": {},
            "tags_all": {},
            "unique_id": "AROAQXUVPLOH2BGS2VK6T"
          },
          "sensitive_attributes": []
        }
      ]
    },
    {
      "mode": "managed",
      "type": "aws_iam_role",
      "name": "web_app_market_service",
      "provider": "provider[\"registry.terraform.io/hashicorp/aws\"]",
      "instances": [
        {
          "schema_version": 0,
          "attributes": {
            "arn": "arn:aws-us-gov:iam::050779347855:role/web-app-market-service",
            "assume_role_policy": "{\"Version\": \"2012-10-17\", \"Statement\": [{\"Effect\": \"Allow\", \"Principal\": {\"Service\": \"ec2.amazonaws.com\"}, \"Action\": \"sts:AssumeRole\"}]}",
            "create_date": "2022-07-11T22:11:34Z",
            "description": "",
            "force_detach_policies": null,
            "id": "web-app-market-service",
            "inline_policy": [
              {
                "name": "market-search-sqs-access-search-queues",
                "policy": "{\"Version\":\"2012-10-17\",\"Statement\":[{\"Action\":\"sqs:*\",\"Effect\":\"Allow\",\"Resource\":\"arn:aws-us-gov:sqs:us-gov-west-1:050779347855:market-marketSearchContentUpdateQueue\",\"Sid\":\"VisualEditor0\"}]}"
              },
              {
                "name": "market-service-s3-bucket-access",
                "policy": "{\"Version\":\"2012-10-17\",\"Statement\":[{\"Action\":\"s3:*\",\"Effect\":\"Allow\",\"Resource\":\"arn:aws-us-gov:s3:::allogy-gov-market-service/*\"}]}"
              },
              {
                "name": "market-service-sns-topics",
                "policy": "{\"Version\":\"2012-10-17\",\"Statement\":[{\"Action\":\"sns:Publish\",\"Effect\":\"Allow\",\"Resource\":[\"arn:aws-us-gov:sns:us-gov-west-1:050779347855:market-contentUpdated\",\"arn:aws-us-gov:sns:us-gov-west-1:050779347855:market-contentCreated\",\"arn:aws-us-gov:sns:us-gov-west-1:050779347855:market-contentAddedToMarket\",\"arn:aws-us-gov:sns:us-gov-west-1:050779347855:market-contentRemovedFromMarket\",\"arn:aws-us-gov:sns:us-gov-west-1:050779347855:market-contentMetadataUpdated\"],\"Sid\":\"VisualEditor0\"}]}"
              }
            ],
            "managed_policy_arns": [
              "arn:aws-us-gov:iam::050779347855:policy/ElasticBeanstalkDeployedService",
              "arn:aws-us-gov:iam::aws:policy/AmazonSSMManagedInstanceCore"
            ],
            "max_session_duration": 3600,
            "name": "web-app-market-service",
            "name_prefix": "",
            "path": "/",
            "permissions_boundary": null,
            "role_last_used": [],
            "tags": {},
            "tags_all": {},
            "unique_id": "AROAQXUVPLOHRGHHMCNBR"
          },
          "sensitive_attributes": []
        }
      ]
    },
    {
      "mode": "managed",
      "type": "aws_iam_role",
      "name": "web_app_market_subscription_service",
      "provider": "provider[\"registry.terraform.io/hashicorp/aws\"]",
      "instances": [
        {
          "schema_version": 0,
          "attributes": {
            "arn": "arn:aws-us-gov:iam::050779347855:role/web-app-market-subscription-service",
            "assume_role_policy": "{\"Version\": \"2012-10-17\", \"Statement\": [{\"Effect\": \"Allow\", \"Principal\": {\"Service\": \"ecs-tasks.amazonaws.com\"}, \"Action\": \"sts:AssumeRole\"}]}",
            "create_date": "2022-07-13T03:34:20Z",
            "description": "",
            "force_detach_policies": null,
            "id": "web-app-market-subscription-service",
            "inline_policy": [
              {
                "name": "market-subscription-sqs-queues",
                "policy": "{\"Version\":\"2012-10-17\",\"Statement\":[{\"Action\":\"sqs:*\",\"Effect\":\"Allow\",\"Resource\":[\"arn:aws-us-gov:sqs:us-gov-west-1:050779347855:market-marketSubscriptionQueue\",\"arn:aws-us-gov:sqs:us-gov-west-1:050779347855:market-contentNotificationQueue\",\"arn:aws-us-gov:sqs:us-gov-west-1:050779347855:market-marketSubscriptionContentOrganizationQueue\",\"arn:aws-us-gov:sqs:us-gov-west-1:050779347855:market-marketSubscriptionTenantIdentityActivationQueue\",\"arn:aws-us-gov:sqs:us-gov-west-1:050779347855:market-marketSubscriptionInternalQueue.fifo\"]}]}"
              },
              {
                "name": "write-to-sendNotification-queue",
                "policy": "{\"Version\":\"2012-10-17\",\"Statement\":[{\"Action\":[\"sqs:SendMessage\",\"sqs:SendMessageBatch\"],\"Effect\":\"Allow\",\"Resource\":[\"arn:aws-us-gov:sqs:us-gov-west-1:050779347855:notification-sendNotification.fifo\"]}]}"
              }
            ],
            "managed_policy_arns": [
              "arn:aws-us-gov:iam::050779347855:policy/CloudWatchLogsWriteLogs",
              "arn:aws-us-gov:iam::050779347855:policy/CloudWatchWriteMetrics",
              "arn:aws-us-gov:iam::050779347855:policy/NotificationServiceSnsAccountFullAccess"
            ],
            "max_session_duration": 3600,
            "name": "web-app-market-subscription-service",
            "name_prefix": "",
            "path": "/",
            "permissions_boundary": null,
            "role_last_used": [],
            "tags": {},
            "tags_all": {},
            "unique_id": "AROAQXUVPLOHSUFKE6ES3"
          },
          "sensitive_attributes": []
        }
      ]
    },
    {
      "mode": "managed",
      "type": "aws_iam_role",
      "name": "web_app_media_asset_service",
      "provider": "provider[\"registry.terraform.io/hashicorp/aws\"]",
      "instances": [
        {
          "schema_version": 0,
          "attributes": {
            "arn": "arn:aws-us-gov:iam::050779347855:role/web-app-media-asset-service",
            "assume_role_policy": "{\"Version\": \"2012-10-17\", \"Statement\": [{\"Effect\": \"Allow\", \"Principal\": {\"Service\": \"ecs-tasks.amazonaws.com\"}, \"Action\": \"sts:AssumeRole\"}]}",
            "create_date": "2022-06-27T22:49:08Z",
            "description": "",
            "force_detach_policies": null,
            "id": "web-app-media-asset-service",
            "inline_policy": [
              {
                "name": "PublishSNS",
                "policy": "{\"Version\":\"2012-10-17\",\"Statement\":[{\"Action\":[\"sns:Publish\"],\"Effect\":\"Allow\",\"Resource\":[\"arn:aws-us-gov:sns:us-gov-west-1:050779347855:learning-mediaAssetModified\"]}]}"
              }
            ],
            "managed_policy_arns": [
              "arn:aws-us-gov:iam::050779347855:policy/CloudWatchLogsWriteLogs",
              "arn:aws-us-gov:iam::050779347855:policy/CloudWatchWriteMetrics",
              "arn:aws-us-gov:iam::050779347855:policy/ElasticSearchFullDomainAccess-ElasticSearchShared01"
            ],
            "max_session_duration": 3600,
            "name": "web-app-media-asset-service",
            "name_prefix": "",
            "path": "/",
            "permissions_boundary": null,
            "role_last_used": [],
            "tags": {},
            "tags_all": {},
            "unique_id": "AROAQXUVPLOHZ5VRCM3RY"
          },
          "sensitive_attributes": []
        }
      ]
    },
    {
      "mode": "managed",
      "type": "aws_iam_role",
      "name": "web_app_military_user_validator",
      "provider": "provider[\"registry.terraform.io/hashicorp/aws\"]",
      "instances": [
        {
          "schema_version": 0,
          "attributes": {
            "arn": "arn:aws-us-gov:iam::050779347855:role/web-app-military-user-validator",
            "assume_role_policy": "{\"Version\": \"2012-10-17\", \"Statement\": [{\"Effect\": \"Allow\", \"Principal\": {\"Service\": \"ecs-tasks.amazonaws.com\"}, \"Action\": \"sts:AssumeRole\"}]}",
            "create_date": "2022-05-18T01:47:12Z",
            "description": "",
            "force_detach_policies": null,
            "id": "web-app-military-user-validator",
            "inline_policy": [
              {
                "name": "FullAccessToInternalQueue",
                "policy": "{\"Version\":\"2012-10-17\",\"Statement\":[{\"Action\":[\"sqs:*\"],\"Effect\":\"Allow\",\"Resource\":\"arn:aws-us-gov:sqs:us-gov-west-1:050779347855:lstt-militaryValidatorQueue\"}]}"
              },
              {
                "name": "WriteToSendNotificationQueue",
                "policy": "{\"Version\":\"2012-10-17\",\"Statement\":[{\"Action\":[\"sqs:SendMessage\",\"sqs:SendMessageBatch\"],\"Effect\":\"Allow\",\"Resource\":[\"arn:aws-us-gov:sqs:us-gov-west-1:*:notification-sendNotification.fifo\"]}]}"
              }
            ],
            "managed_policy_arns": [
              "arn:aws-us-gov:iam::050779347855:policy/CloudWatchLogsWriteLogs",
              "arn:aws-us-gov:iam::050779347855:policy/CloudWatchWriteMetrics"
            ],
            "max_session_duration": 3600,
            "name": "web-app-military-user-validator",
            "name_prefix": "",
            "path": "/",
            "permissions_boundary": null,
            "role_last_used": [],
            "tags": {},
            "tags_all": {},
            "unique_id": "AROAQXUVPLOHUXZCHRXR3"
          },
          "sensitive_attributes": []
        }
      ]
    },
    {
      "mode": "managed",
      "type": "aws_iam_role",
      "name": "web_app_mobile_client_gateway",
      "provider": "provider[\"registry.terraform.io/hashicorp/aws\"]",
      "instances": [
        {
          "schema_version": 0,
          "attributes": {
            "arn": "arn:aws-us-gov:iam::050779347855:role/web-app-mobile-client-gateway",
            "assume_role_policy": "{\"Version\": \"2012-10-17\", \"Statement\": [{\"Effect\": \"Allow\", \"Principal\": {\"Service\": \"ec2.amazonaws.com\"}, \"Action\": \"sts:AssumeRole\"}]}",
            "create_date": "2022-05-17T17:53:10Z",
            "description": "",
            "force_detach_policies": null,
            "id": "web-app-mobile-client-gateway",
            "inline_policy": [],
            "managed_policy_arns": [
              "arn:aws-us-gov:iam::050779347855:policy/CloudWatchLogsWriteLogs",
              "arn:aws-us-gov:iam::050779347855:policy/ElasticBeanstalkDeployedService",
              "arn:aws-us-gov:iam::aws:policy/AmazonSSMManagedInstanceCore"
            ],
            "max_session_duration": 3600,
            "name": "web-app-mobile-client-gateway",
            "name_prefix": "",
            "path": "/",
            "permissions_boundary": null,
            "role_last_used": [],
            "tags": {},
            "tags_all": {},
            "unique_id": "AROAQXUVPLOHVTFHOMBGJ"
          },
          "sensitive_attributes": []
        }
      ]
    },
    {
      "mode": "managed",
      "type": "aws_iam_role",
      "name": "web_app_notification_service",
      "provider": "provider[\"registry.terraform.io/hashicorp/aws\"]",
      "instances": [
        {
          "schema_version": 0,
          "attributes": {
            "arn": "arn:aws-us-gov:iam::050779347855:role/web-app-notification-service",
            "assume_role_policy": "{\"Version\": \"2012-10-17\", \"Statement\": [{\"Effect\": \"Allow\", \"Principal\": {\"Service\": \"ecs-tasks.amazonaws.com\"}, \"Action\": \"sts:AssumeRole\"}]}",
            "create_date": "2022-07-01T17:53:15Z",
            "description": "",
            "force_detach_policies": null,
            "id": "web-app-notification-service",
            "inline_policy": [
              {
                "name": "allogy-production-sns-notification-full-access",
                "policy": "{\"Version\":\"2012-10-17\",\"Statement\":[{\"Action\":\"sns:*\",\"Effect\":\"Allow\",\"Resource\":\"arn:aws-us-gov:sns:us-gov-west-1:050779347855:notification-*\"}]}"
              },
              {
                "name": "dynamodb-notification-tables",
                "policy": "{\"Version\":\"2012-10-17\",\"Statement\":[{\"Action\":\"dynamodb:*\",\"Effect\":\"Allow\",\"Resource\":\"arn:aws-us-gov:dynamodb:us-gov-west-1:050779347855:table/notification.*\",\"Sid\":\"VisualEditor0\"}]}"
              },
              {
                "name": "sns-notification-access",
                "policy": "{\"Version\":\"2012-10-17\",\"Statement\":[{\"Action\":\"sns:CreatePlatformEndpoint\",\"Effect\":\"Allow\",\"Resource\":\"*\",\"Sid\":\"VisualEditor0\"}]}"
              },
              {
                "name": "sqs-queues-full-access",
                "policy": "{\"Version\":\"2012-10-17\",\"Statement\":[{\"Action\":\"sqs:*\",\"Effect\":\"Allow\",\"Resource\":[\"arn:aws-us-gov:sqs:us-gov-west-1:050779347855:notification-backgroundProcessing.fifo\",\"arn:aws-us-gov:sqs:us-gov-west-1:050779347855:notification-sendNotification.fifo\"]}]}"
              }
            ],
            "managed_policy_arns": [
              "arn:aws-us-gov:iam::050779347855:policy/CloudWatchLogsWriteLogs",
              "arn:aws-us-gov:iam::050779347855:policy/CloudWatchWriteMetrics",
              "arn:aws-us-gov:iam::050779347855:policy/NotificationServiceSnsAccountFullAccess",
              "arn:aws-us-gov:iam::aws:policy/AWSXrayWriteOnlyAccess"
            ],
            "max_session_duration": 3600,
            "name": "web-app-notification-service",
            "name_prefix": "",
            "path": "/",
            "permissions_boundary": null,
            "role_last_used": [],
            "tags": {},
            "tags_all": {},
            "unique_id": "AROAQXUVPLOH7XYBOXXPV"
          },
          "sensitive_attributes": []
        }
      ]
    },
    {
      "mode": "managed",
      "type": "aws_iam_role",
      "name": "web_app_opportunity_project_service",
      "provider": "provider[\"registry.terraform.io/hashicorp/aws\"]",
      "instances": [
        {
          "schema_version": 0,
          "attributes": {
            "arn": "arn:aws-us-gov:iam::050779347855:role/web-app-opportunity-project-service",
            "assume_role_policy": "{\"Version\": \"2012-10-17\", \"Statement\": [{\"Effect\": \"Allow\", \"Principal\": {\"Service\": \"ecs-tasks.amazonaws.com\"}, \"Action\": \"sts:AssumeRole\"}]}",
            "create_date": "2022-05-17T15:35:50Z",
            "description": "",
            "force_detach_policies": null,
            "id": "web-app-opportunity-project-service",
            "inline_policy": [],
            "managed_policy_arns": [
              "arn:aws-us-gov:iam::050779347855:policy/CloudWatchLogsWriteLogs"
            ],
            "max_session_duration": 3600,
            "name": "web-app-opportunity-project-service",
            "name_prefix": "",
            "path": "/",
            "permissions_boundary": null,
            "role_last_used": [],
            "tags": {},
            "tags_all": {},
            "unique_id": "AROAQXUVPLOHUXQETT4AL"
          },
          "sensitive_attributes": []
        }
      ]
    },
    {
      "mode": "managed",
      "type": "aws_iam_role",
      "name": "web_app_performance_assessment_service",
      "provider": "provider[\"registry.terraform.io/hashicorp/aws\"]",
      "instances": [
        {
          "schema_version": 0,
          "attributes": {
            "arn": "arn:aws-us-gov:iam::050779347855:role/web-app-performance-assessment-service",
            "assume_role_policy": "{\"Version\": \"2012-10-17\", \"Statement\": [{\"Effect\": \"Allow\", \"Principal\": {\"Service\": \"ecs-tasks.amazonaws.com\"}, \"Action\": \"sts:AssumeRole\"}]}",
            "create_date": "2022-05-19T00:07:06Z",
            "description": "",
            "force_detach_policies": null,
            "id": "web-app-performance-assessment-service",
            "inline_policy": [
              {
                "name": "PublishSNS",
                "policy": "{\"Version\":\"2012-10-17\",\"Statement\":[{\"Action\":[\"sns:Publish\"],\"Effect\":\"Allow\",\"Resource\":[\"arn:aws-us-gov:sns:us-gov-west-1:050779347855:learning-performanceAssessments-evaluationContainer\",\"arn:aws-us-gov:sns:us-gov-west-1:050779347855:learning-performanceAssessments-evaluationContainerAttempt\"]}]}"
              }
            ],
            "managed_policy_arns": [
              "arn:aws-us-gov:iam::050779347855:policy/CloudWatchLogsWriteLogs",
              "arn:aws-us-gov:iam::050779347855:policy/CloudWatchWriteMetrics"
            ],
            "max_session_duration": 3600,
            "name": "web-app-performance-assessment-service",
            "name_prefix": "",
            "path": "/",
            "permissions_boundary": null,
            "role_last_used": [],
            "tags": {},
            "tags_all": {},
            "unique_id": "AROAQXUVPLOH4YXIDYYMT"
          },
          "sensitive_attributes": []
        }
      ]
    },
    {
      "mode": "managed",
      "type": "aws_iam_role",
      "name": "web_app_publication_service",
      "provider": "provider[\"registry.terraform.io/hashicorp/aws\"]",
      "instances": [
        {
          "schema_version": 0,
          "attributes": {
            "arn": "arn:aws-us-gov:iam::050779347855:role/web-app-publication-service",
            "assume_role_policy": "{\"Version\": \"2012-10-17\", \"Statement\": [{\"Effect\": \"Allow\", \"Principal\": {\"Service\": \"ecs-tasks.amazonaws.com\"}, \"Action\": \"sts:AssumeRole\"}]}",
            "create_date": "2022-05-18T01:56:32Z",
            "description": "",
            "force_detach_policies": null,
            "id": "web-app-publication-service",
            "inline_policy": [],
            "managed_policy_arns": [
              "arn:aws-us-gov:iam::050779347855:policy/CloudWatchLogsWriteLogs",
              "arn:aws-us-gov:iam::050779347855:policy/CloudWatchWriteMetrics"
            ],
            "max_session_duration": 3600,
            "name": "web-app-publication-service",
            "name_prefix": "",
            "path": "/",
            "permissions_boundary": null,
            "role_last_used": [],
            "tags": {},
            "tags_all": {},
            "unique_id": "AROAQXUVPLOH5BV4URT5W"
          },
          "sensitive_attributes": []
        }
      ]
    },
    {
      "mode": "managed",
      "type": "aws_iam_role",
      "name": "web_app_registration_validation_service",
      "provider": "provider[\"registry.terraform.io/hashicorp/aws\"]",
      "instances": [
        {
          "schema_version": 0,
          "attributes": {
            "arn": "arn:aws-us-gov:iam::050779347855:role/web-app-registration-validation-service",
            "assume_role_policy": "{\"Version\": \"2012-10-17\", \"Statement\": [{\"Effect\": \"Allow\", \"Principal\": {\"Service\": \"ecs-tasks.amazonaws.com\"}, \"Action\": \"sts:AssumeRole\"}]}",
            "create_date": "2022-05-17T15:29:27Z",
            "description": "",
            "force_detach_policies": null,
            "id": "web-app-registration-validation-service",
            "inline_policy": [],
            "managed_policy_arns": [
              "arn:aws-us-gov:iam::050779347855:policy/CloudWatchLogsWriteLogs",
              "arn:aws-us-gov:iam::050779347855:policy/CloudWatchWriteMetrics"
            ],
            "max_session_duration": 3600,
            "name": "web-app-registration-validation-service",
            "name_prefix": "",
            "path": "/",
            "permissions_boundary": null,
            "role_last_used": [],
            "tags": {},
            "tags_all": {},
            "unique_id": "AROAQXUVPLOHRIEVBOBUI"
          },
          "sensitive_attributes": []
        }
      ]
    },
    {
      "mode": "managed",
      "type": "aws_iam_role",
      "name": "web_app_simple_email_manager",
      "provider": "provider[\"registry.terraform.io/hashicorp/aws\"]",
      "instances": [
        {
          "schema_version": 0,
          "attributes": {
            "arn": "arn:aws-us-gov:iam::050779347855:role/web-app-simple-email-manager",
            "assume_role_policy": "{\"Version\": \"2012-10-17\", \"Statement\": [{\"Effect\": \"Allow\", \"Principal\": {\"Service\": \"ecs-tasks.amazonaws.com\"}, \"Action\": \"sts:AssumeRole\"}]}",
            "create_date": "2022-05-17T15:31:13Z",
            "description": "",
            "force_detach_policies": null,
            "id": "web-app-simple-email-manager",
            "inline_policy": [
              {
                "name": "mail-manager-ses-notifications",
                "policy": "{\"Version\":\"2012-10-17\",\"Statement\":[{\"Action\":[\"sqs:*\"],\"Effect\":\"Allow\",\"Resource\":[\"arn:aws-us-gov:sqs:us-gov-west-1:050779347855:mail-manager-ses-notifications\"],\"Sid\":\"Stmt1497974101000\"}]}"
              },
              {
                "name": "send-emails-ses",
                "policy": "{\"Version\":\"2012-10-17\",\"Statement\":{\"Action\":[\"ses:SendEmail\",\"ses:SendRawEmail\"],\"Effect\":\"Allow\",\"Resource\":\"*\",\"Sid\":\"Stmt1497652826000\"}}"
              }
            ],
            "managed_policy_arns": [],
            "max_session_duration": 3600,
            "name": "web-app-simple-email-manager",
            "name_prefix": "",
            "path": "/",
            "permissions_boundary": null,
            "role_last_used": [],
            "tags": {},
            "tags_all": {},
            "unique_id": "AROAQXUVPLOHVMSJ25GAM"
          },
          "sensitive_attributes": []
        }
      ]
    },
    {
      "mode": "managed",
      "type": "aws_iam_role",
      "name": "web_app_single_step_service",
      "provider": "provider[\"registry.terraform.io/hashicorp/aws\"]",
      "instances": [
        {
          "schema_version": 0,
          "attributes": {
            "arn": "arn:aws-us-gov:iam::050779347855:role/web-app-single-step-service",
            "assume_role_policy": "{\"Version\": \"2012-10-17\", \"Statement\": [{\"Effect\": \"Allow\", \"Principal\": {\"Service\": \"ecs-tasks.amazonaws.com\"}, \"Action\": \"sts:AssumeRole\"}]}",
            "create_date": "2022-05-17T15:32:09Z",
            "description": "",
            "force_detach_policies": null,
            "id": "web-app-single-step-service",
            "inline_policy": [
              {
                "name": "step-functions",
                "policy": "{\"Version\":\"2012-10-17\",\"Statement\":[{\"Action\":[\"states:DescribeExecution\",\"states:StartExecution\"],\"Effect\":\"Allow\",\"Resource\":\"*\"}]}"
              }
            ],
            "managed_policy_arns": [
              "arn:aws-us-gov:iam::050779347855:policy/CloudWatchLogsWriteLogs"
            ],
            "max_session_duration": 3600,
            "name": "web-app-single-step-service",
            "name_prefix": "",
            "path": "/",
            "permissions_boundary": null,
            "role_last_used": [],
            "tags": {},
            "tags_all": {},
            "unique_id": "AROAQXUVPLOHWBUJJFYVK"
          },
          "sensitive_attributes": []
        }
      ]
    },
    {
      "mode": "managed",
      "type": "aws_iam_role",
      "name": "web_app_spring_config_server",
      "provider": "provider[\"registry.terraform.io/hashicorp/aws\"]",
      "instances": [
        {
          "schema_version": 0,
          "attributes": {
            "arn": "arn:aws-us-gov:iam::050779347855:role/web-app-spring-config-server",
            "assume_role_policy": "{\"Version\": \"2012-10-17\", \"Statement\": [{\"Effect\": \"Allow\", \"Principal\": {\"Service\": \"ecs-tasks.amazonaws.com\"}, \"Action\": \"sts:AssumeRole\"}]}",
            "create_date": "2022-06-07T14:16:14Z",
            "description": "",
            "force_detach_policies": null,
            "id": "web-app-spring-config-server",
            "inline_policy": [],
            "managed_policy_arns": [
              "arn:aws-us-gov:iam::050779347855:policy/CloudWatchLogsWriteLogs",
              "arn:aws-us-gov:iam::050779347855:policy/CloudWatchWriteMetrics",
              "arn:aws-us-gov:iam::aws:policy/AWSCodeCommitReadOnly"
            ],
            "max_session_duration": 3600,
            "name": "web-app-spring-config-server",
            "name_prefix": "",
            "path": "/",
            "permissions_boundary": null,
            "role_last_used": [],
            "tags": {},
            "tags_all": {},
            "unique_id": "AROAQXUVPLOHRN523FGVM"
          },
          "sensitive_attributes": []
        }
      ]
    },
    {
      "mode": "managed",
      "type": "aws_iam_role",
      "name": "web_app_survey_form_service",
      "provider": "provider[\"registry.terraform.io/hashicorp/aws\"]",
      "instances": [
        {
          "schema_version": 0,
          "attributes": {
            "arn": "arn:aws-us-gov:iam::050779347855:role/web-app-survey-form-service",
            "assume_role_policy": "{\"Version\": \"2012-10-17\", \"Statement\": [{\"Effect\": \"Allow\", \"Principal\": {\"Service\": \"ecs-tasks.amazonaws.com\"}, \"Action\": \"sts:AssumeRole\"}]}",
            "create_date": "2022-05-17T15:34:45Z",
            "description": "",
            "force_detach_policies": null,
            "id": "web-app-survey-form-service",
            "inline_policy": [
              {
                "name": "PublishSNS",
                "policy": "{\"Version\":\"2012-10-17\",\"Statement\":[{\"Action\":[\"sns:Publish\"],\"Effect\":\"Allow\",\"Resource\":[\"arn:aws-us-gov:sns:us-gov-west-1:050779347855:documentation-surveyForm-CourseSurveyUpdate\"]}]}"
              }
            ],
            "managed_policy_arns": [
              "arn:aws-us-gov:iam::050779347855:policy/CloudWatchLogsWriteLogs",
              "arn:aws-us-gov:iam::050779347855:policy/CloudWatchWriteMetrics"
            ],
            "max_session_duration": 3600,
            "name": "web-app-survey-form-service",
            "name_prefix": "",
            "path": "/",
            "permissions_boundary": null,
            "role_last_used": [],
            "tags": {},
            "tags_all": {},
            "unique_id": "AROAQXUVPLOHQG3JMRCB7"
          },
          "sensitive_attributes": []
        }
      ]
    },
    {
      "mode": "managed",
      "type": "aws_iam_role",
      "name": "web_app_team_service",
      "provider": "provider[\"registry.terraform.io/hashicorp/aws\"]",
      "instances": [
        {
          "schema_version": 0,
          "attributes": {
            "arn": "arn:aws-us-gov:iam::050779347855:role/web-app-team-service",
            "assume_role_policy": "{\"Version\": \"2012-10-17\", \"Statement\": [{\"Effect\": \"Allow\", \"Principal\": {\"Service\": \"ecs-tasks.amazonaws.com\"}, \"Action\": \"sts:AssumeRole\"}]}",
            "create_date": "2022-05-19T00:05:05Z",
            "description": "",
            "force_detach_policies": null,
            "id": "web-app-team-service",
            "inline_policy": [
              {
                "name": "PublishSNS",
                "policy": "{\"Version\":\"2012-10-17\",\"Statement\":[{\"Action\":[\"sns:Publish\"],\"Effect\":\"Allow\",\"Resource\":[\"arn:aws-us-gov:sns:us-gov-west-1:050779347855:identity-teams-teamMembershipCreated\",\"arn:aws-us-gov:sns:us-gov-west-1:050779347855:identity-teams-TeamMembershipUpdated\"]}]}"
              }
            ],
            "managed_policy_arns": [
              "arn:aws-us-gov:iam::050779347855:policy/CloudWatchLogsWriteLogs",
              "arn:aws-us-gov:iam::050779347855:policy/CloudWatchWriteMetrics"
            ],
            "max_session_duration": 3600,
            "name": "web-app-team-service",
            "name_prefix": "",
            "path": "/",
            "permissions_boundary": null,
            "role_last_used": [],
            "tags": {},
            "tags_all": {},
            "unique_id": "AROAQXUVPLOHX462MGL3V"
          },
          "sensitive_attributes": []
        }
      ]
    },
    {
      "mode": "managed",
      "type": "aws_iam_role",
      "name": "web_app_tenant_code_service",
      "provider": "provider[\"registry.terraform.io/hashicorp/aws\"]",
      "instances": [
        {
          "schema_version": 0,
          "attributes": {
            "arn": "arn:aws-us-gov:iam::050779347855:role/web-app-tenant-code-service",
            "assume_role_policy": "{\"Version\": \"2012-10-17\", \"Statement\": [{\"Effect\": \"Allow\", \"Principal\": {\"Service\": \"ecs-tasks.amazonaws.com\"}, \"Action\": \"sts:AssumeRole\"}]}",
            "create_date": "2022-05-17T16:21:16Z",
            "description": "",
            "force_detach_policies": null,
            "id": "web-app-tenant-code-service",
            "inline_policy": [],
            "managed_policy_arns": [
              "arn:aws-us-gov:iam::050779347855:policy/CloudWatchLogsWriteLogs"
            ],
            "max_session_duration": 3600,
            "name": "web-app-tenant-code-service",
            "name_prefix": "",
            "path": "/",
            "permissions_boundary": null,
            "role_last_used": [],
            "tags": {},
            "tags_all": {},
            "unique_id": "AROAQXUVPLOHQRZ6XTB52"
          },
          "sensitive_attributes": []
        }
      ]
    },
    {
      "mode": "managed",
      "type": "aws_iam_role",
      "name": "web_app_tenant_configuration_service",
      "provider": "provider[\"registry.terraform.io/hashicorp/aws\"]",
      "instances": [
        {
          "schema_version": 0,
          "attributes": {
            "arn": "arn:aws-us-gov:iam::050779347855:role/web-app-tenant-configuration-service",
            "assume_role_policy": "{\"Version\": \"2012-10-17\", \"Statement\": [{\"Effect\": \"Allow\", \"Principal\": {\"Service\": \"ecs-tasks.amazonaws.com\"}, \"Action\": \"sts:AssumeRole\"}]}",
            "create_date": "2022-07-08T13:59:46Z",
            "description": "",
            "force_detach_policies": null,
            "id": "web-app-tenant-configuration-service",
            "inline_policy": [
              {
                "name": "tenant-configuration-s3-access",
                "policy": "{\"Version\":\"2012-10-17\",\"Statement\":[{\"Action\":[\"s3:GetObject\",\"s3:PutObject\"],\"Effect\":\"Allow\",\"Resource\":\"arn:aws-us-gov:s3:::allogy-gov-tenant-configurations/*\"}]}"
              }
            ],
            "managed_policy_arns": [
              "arn:aws-us-gov:iam::050779347855:policy/CloudWatchLogsWriteLogs",
              "arn:aws-us-gov:iam::050779347855:policy/CloudWatchWriteMetrics"
            ],
            "max_session_duration": 3600,
            "name": "web-app-tenant-configuration-service",
            "name_prefix": "",
            "path": "/",
            "permissions_boundary": null,
            "role_last_used": [],
            "tags": {},
            "tags_all": {},
            "unique_id": "AROAQXUVPLOH2CRDVULOM"
          },
          "sensitive_attributes": []
        }
      ]
    },
    {
      "mode": "managed",
      "type": "aws_iam_role",
      "name": "web_app_tenant_host_domain_service",
      "provider": "provider[\"registry.terraform.io/hashicorp/aws\"]",
      "instances": [
        {
          "schema_version": 0,
          "attributes": {
            "arn": "arn:aws-us-gov:iam::050779347855:role/web-app-tenant-host-domain-service",
            "assume_role_policy": "{\"Version\": \"2012-10-17\", \"Statement\": [{\"Effect\": \"Allow\", \"Principal\": {\"Service\": \"ecs-tasks.amazonaws.com\"}, \"Action\": \"sts:AssumeRole\"}]}",
            "create_date": "2022-05-17T15:33:19Z",
            "description": "",
            "force_detach_policies": null,
            "id": "web-app-tenant-host-domain-service",
            "inline_policy": [],
            "managed_policy_arns": [
              "arn:aws-us-gov:iam::050779347855:policy/CloudWatchLogsWriteLogs",
              "arn:aws-us-gov:iam::050779347855:policy/CloudWatchWriteMetrics"
            ],
            "max_session_duration": 3600,
            "name": "web-app-tenant-host-domain-service",
            "name_prefix": "",
            "path": "/",
            "permissions_boundary": null,
            "role_last_used": [],
            "tags": {},
            "tags_all": {},
            "unique_id": "AROAQXUVPLOH34WXQ5HXU"
          },
          "sensitive_attributes": []
        }
      ]
    },
    {
      "mode": "managed",
      "type": "aws_iam_role",
      "name": "web_app_tenant_user_configuration_service",
      "provider": "provider[\"registry.terraform.io/hashicorp/aws\"]",
      "instances": [
        {
          "schema_version": 0,
          "attributes": {
            "arn": "arn:aws-us-gov:iam::050779347855:role/web-app-tenant-user-configuration-service",
            "assume_role_policy": "{\"Version\": \"2012-10-17\", \"Statement\": [{\"Effect\": \"Allow\", \"Principal\": {\"Service\": \"ecs-tasks.amazonaws.com\"}, \"Action\": \"sts:AssumeRole\"}]}",
            "create_date": "2022-05-17T16:26:53Z",
            "description": "",
            "force_detach_policies": null,
            "id": "web-app-tenant-user-configuration-service",
            "inline_policy": [],
            "managed_policy_arns": [
              "arn:aws-us-gov:iam::050779347855:policy/CloudWatchLogsWriteLogs",
              "arn:aws-us-gov:iam::050779347855:policy/CloudWatchWriteMetrics"
            ],
            "max_session_duration": 3600,
            "name": "web-app-tenant-user-configuration-service",
            "name_prefix": "",
            "path": "/",
            "permissions_boundary": null,
            "role_last_used": [],
            "tags": {},
            "tags_all": {},
            "unique_id": "AROAQXUVPLOHVI5LTG5SW"
          },
          "sensitive_attributes": []
        }
      ]
    },
    {
      "mode": "managed",
      "type": "aws_iam_role",
      "name": "web_app_test_web_service",
      "provider": "provider[\"registry.terraform.io/hashicorp/aws\"]",
      "instances": [
        {
          "schema_version": 0,
          "attributes": {
            "arn": "arn:aws-us-gov:iam::050779347855:role/web-app-test-web-service",
            "assume_role_policy": "{\"Version\": \"2012-10-17\", \"Statement\": [{\"Effect\": \"Allow\", \"Principal\": {\"Service\": \"ec2.amazonaws.com\"}, \"Action\": \"sts:AssumeRole\"}]}",
            "create_date": "2022-06-17T02:26:32Z",
            "description": "Allows EC2 instances to call AWS services on your behalf.",
            "force_detach_policies": null,
            "id": "web-app-test-web-service",
            "inline_policy": [],
            "managed_policy_arns": [
              "arn:aws-us-gov:iam::050779347855:policy/CloudWatchLogsWriteLogs",
              "arn:aws-us-gov:iam::050779347855:policy/ElasticBeanstalkDeployedService",
              "arn:aws-us-gov:iam::aws:policy/AWSXRayDaemonWriteAccess"
            ],
            "max_session_duration": 3600,
            "name": "web-app-test-web-service",
            "name_prefix": "",
            "path": "/",
            "permissions_boundary": null,
            "role_last_used": [],
            "tags": {},
            "tags_all": {},
            "unique_id": "AROAQXUVPLOHVRKCBG4K3"
          },
          "sensitive_attributes": []
        }
      ]
    },
    {
      "mode": "managed",
      "type": "aws_iam_role",
      "name": "web_app_user_data_service",
      "provider": "provider[\"registry.terraform.io/hashicorp/aws\"]",
      "instances": [
        {
          "schema_version": 0,
          "attributes": {
            "arn": "arn:aws-us-gov:iam::050779347855:role/web-app-user-data-service",
            "assume_role_policy": "{\"Version\": \"2012-10-17\", \"Statement\": [{\"Effect\": \"Allow\", \"Principal\": {\"Service\": \"ecs-tasks.amazonaws.com\"}, \"Action\": \"sts:AssumeRole\"}]}",
            "create_date": "2022-05-17T16:20:11Z",
            "description": "",
            "force_detach_policies": null,
            "id": "web-app-user-data-service",
            "inline_policy": [],
            "managed_policy_arns": [
              "arn:aws-us-gov:iam::050779347855:policy/CloudWatchLogsWriteLogs",
              "arn:aws-us-gov:iam::050779347855:policy/CloudWatchWriteMetrics"
            ],
            "max_session_duration": 3600,
            "name": "web-app-user-data-service",
            "name_prefix": "",
            "path": "/",
            "permissions_boundary": null,
            "role_last_used": [],
            "tags": {},
            "tags_all": {},
            "unique_id": "AROAQXUVPLOHZI4X3OGZ5"
          },
          "sensitive_attributes": []
        }
      ]
    },
    {
      "mode": "managed",
      "type": "aws_iam_role",
      "name": "web_app_xapi_service",
      "provider": "provider[\"registry.terraform.io/hashicorp/aws\"]",
      "instances": [
        {
          "schema_version": 0,
          "attributes": {
            "arn": "arn:aws-us-gov:iam::050779347855:role/web-app-xapi-service",
            "assume_role_policy": "{\"Version\": \"2012-10-17\", \"Statement\": [{\"Effect\": \"Allow\", \"Principal\": {\"Service\": \"ecs-tasks.amazonaws.com\"}, \"Action\": \"sts:AssumeRole\"}]}",
            "create_date": "2022-10-04T17:49:58Z",
            "description": "",
            "force_detach_policies": null,
            "id": "web-app-xapi-service",
            "inline_policy": [
              {
                "name": "xApiEventQueue",
                "policy": "{\"Version\":\"2012-10-17\",\"Statement\":[{\"Action\":[\"sqs:Get*\",\"sqs:*Message*\"],\"Effect\":\"Allow\",\"Resource\":\"arn:aws-us-gov:sqs:us-gov-west-1:050779347855:learning-xApiServiceEventQueue\"}]}"
              }
            ],
            "managed_policy_arns": [
              "arn:aws-us-gov:iam::050779347855:policy/CloudWatchLogsWriteLogs",
              "arn:aws-us-gov:iam::050779347855:policy/CloudWatchWriteMetrics"
            ],
            "max_session_duration": 3600,
            "name": "web-app-xapi-service",
            "name_prefix": "",
            "path": "/",
            "permissions_boundary": null,
            "role_last_used": [],
            "tags": {},
            "tags_all": {},
            "unique_id": "AROAQXUVPLOH7H44KEXLA"
          },
          "sensitive_attributes": []
        }
      ]
    },
    {
      "mode": "managed",
      "type": "aws_iam_role",
      "name": "xray_daemon_role",
      "provider": "provider[\"registry.terraform.io/hashicorp/aws\"]",
      "instances": [
        {
          "schema_version": 0,
          "attributes": {
            "arn": "arn:aws-us-gov:iam::050779347855:role/xray-daemon-role",
            "assume_role_policy": "{\"Version\": \"2012-10-17\", \"Statement\": [{\"Sid\": \"\", \"Effect\": \"Allow\", \"Principal\": {\"Service\": \"ecs-tasks.amazonaws.com\"}, \"Action\": \"sts:AssumeRole\"}]}",
            "create_date": "2022-06-26T14:46:30Z",
            "description": "The AWS X-Ray daemon sidecar task.",
            "force_detach_policies": null,
            "id": "xray-daemon-role",
            "inline_policy": [],
            "managed_policy_arns": [
              "arn:aws-us-gov:iam::aws:policy/AWSXrayWriteOnlyAccess"
            ],
            "max_session_duration": 3600,
            "name": "xray-daemon-role",
            "name_prefix": "",
            "path": "/",
            "permissions_boundary": null,
            "role_last_used": [],
            "tags": {},
            "tags_all": {},
            "unique_id": "AROAQXUVPLOHRFAM4NAKU"
          },
          "sensitive_attributes": []
        }
      ]
    },
    {
      "mode": "managed",
      "type": "aws_iam_role_policy",
      "name": "AWSReservedSSO_CodeCommitDeveloperAccess_695963510000a9f5_AwsSSOInlinePolicy",
      "provider": "provider[\"registry.terraform.io/hashicorp/aws\"]",
      "instances": [
        {
          "schema_version": 0,
          "attributes": {
            "id": "AWSReservedSSO_CodeCommitDeveloperAccess_695963510000a9f5:AwsSSOInlinePolicy",
            "name": "AwsSSOInlinePolicy",
            "name_prefix": null,
            "policy": "{\"Version\": \"2012-10-17\", \"Statement\": [{\"Sid\": \"CodeCommitDeveloperAccess\", \"Effect\": \"Allow\", \"Action\": [\"codecommit:GitPull\", \"codecommit:GitPush\", \"codecommit:ListRepositories\"], \"Resource\": \"*\"}]}",
            "role": "AWSReservedSSO_CodeCommitDeveloperAccess_695963510000a9f5"
          },
          "sensitive_attributes": []
        }
      ]
    },
    {
      "mode": "managed",
      "type": "aws_iam_role_policy",
      "name": "AWSReservedSSO_ServerDeveloper_bb91c899fbe6b7a6_AwsSSOInlinePolicy",
      "provider": "provider[\"registry.terraform.io/hashicorp/aws\"]",
      "instances": [
        {
          "schema_version": 0,
          "attributes": {
            "id": "AWSReservedSSO_ServerDeveloper_bb91c899fbe6b7a6:AwsSSOInlinePolicy",
            "name": "AwsSSOInlinePolicy",
            "name_prefix": null,
            "policy": "{\"Version\": \"2012-10-17\", \"Statement\": [{\"Sid\": \"AllogyProductionBucketsReadAccess\", \"Effect\": \"Allow\", \"Action\": [\"s3:Get*\", \"s3:List*\"], \"Resource\": [\"arn:aws-us-gov:s3:::allogy-book-*\", \"arn:aws-us-gov:s3:::allogy-book-*/*\", \"arn:aws-us-gov:s3:::allogy-learning-*\", \"arn:aws-us-gov:s3:::allogy-learning-*/*\"]}, {\"Sid\": \"ECRServerDeveloper\", \"Effect\": \"Allow\", \"Action\": [\"ecr:CreateRepository\", \"ecr:GetDownloadUrlForLayer\", \"ecr:BatchGetImage\", \"ecr:DescribeImages\", \"ecr:GetAuthorizationToken\", \"ecr:DescribeRepositories\", \"ecr:ListImages\", \"ecr:BatchCheckLayerAvailability\", \"ecr:GetRepositoryPolicy\"], \"Resource\": \"*\"}, {\"Sid\": \"ECSDeployToService\", \"Effect\": \"Allow\", \"Action\": [\"ecs:UpdateService\", \"ecs:CreateService\", \"servicediscovery:CreateService\", \"servicediscovery:UpdateService\"], \"Resource\": \"*\"}, {\"Sid\": \"ElasticBeanstalkReadOnlyAccess\", \"Effect\": \"Allow\", \"Action\": [\"elasticbeanstalk:Check*\", \"elasticbeanstalk:Describe*\", \"elasticbeanstalk:List*\", \"elasticbeanstalk:RequestEnvironmentInfo\", \"elasticbeanstalk:RetrieveEnvironmentInfo\", \"ec2:Describe*\", \"elasticloadbalancing:Describe*\", \"autoscaling:Describe*\", \"cloudwatch:Describe*\", \"cloudwatch:List*\", \"cloudwatch:Get*\", \"sns:Get*\", \"sns:List*\", \"cloudformation:Describe*\", \"cloudformation:Get*\", \"cloudformation:List*\", \"cloudformation:Validate*\", \"cloudformation:Estimate*\", \"rds:Describe*\", \"sqs:Get*\", \"sqs:List*\"], \"Resource\": \"*\"}, {\"Effect\": \"Allow\", \"Action\": [\"s3:Get*\", \"s3:List*\"], \"Resource\": [\"arn:aws-us-gov:s3:::elasticbeanstalk-us-east-1-250188540659\", \"arn:aws-us-gov:s3:::elasticbeanstalk-us-east-1-250188540659/*\", \"arn:aws-us-gov:s3:::cf-templates-pwv9stqkd2gy-us-east-1\", \"arn:aws-us-gov:s3:::cf-templates-pwv9stqkd2gy-us-east-1/*\", \"arn:aws-us-gov:s3:::allogy-web-services\", \"arn:aws-us-gov:s3:::allogy-web-services/*\", \"*\"]}, {\"Sid\": \"ElasticBeanstalkUpdateApplication\", \"Effect\": \"Allow\", \"Action\": [\"elasticbeanstalk:DescribeAccountAttributes\", \"elasticbeanstalk:TerminateEnvironment\", \"elasticbeanstalk:DescribeEnvironmentManagedActionHistory\", \"elasticbeanstalk:ValidateConfigurationSettings\", \"elasticbeanstalk:CheckDNSAvailability\", \"elasticbeanstalk:ListTagsForResource\", \"elasticbeanstalk:DescribeEnvironmentResources\", \"elasticbeanstalk:RequestEnvironmentInfo\", \"elasticbeanstalk:RebuildEnvironment\", \"elasticbeanstalk:DescribeEnvironments\", \"elasticbeanstalk:DescribeInstancesHealth\", \"elasticbeanstalk:DescribeApplicationVersions\", \"elasticbeanstalk:DescribeEnvironmentHealth\", \"elasticbeanstalk:DescribeApplications\", \"elasticbeanstalk:DescribePlatformVersion\", \"elasticbeanstalk:RestartAppServer\", \"elasticbeanstalk:DescribeConfigurationSettings\", \"elasticbeanstalk:ListAvailableSolutionStacks\", \"elasticbeanstalk:ListPlatformVersions\", \"elasticbeanstalk:UpdateApplication\", \"elasticbeanstalk:DescribeEnvironmentManagedActions\", \"elasticbeanstalk:SwapEnvironmentCNAMEs\", \"elasticbeanstalk:DescribeConfigurationOptions\", \"elasticbeanstalk:DescribeEvents\", \"cloudformation:DeleteStack\", \"elasticbeanstalk:UpdateEnvironment\", \"elasticbeanstalk:RetrieveEnvironmentInfo\"], \"Resource\": \"*\"}, {\"Sid\": \"SpringCloudConfigProductionAccess\", \"Effect\": \"Allow\", \"Action\": [\"codecommit:GetTree\", \"codecommit:ListPullRequests\", \"codecommit:GetBlob\", \"codecommit:PutFile\", \"codecommit:GetReferences\", \"codecommit:GetCommentsForComparedCommit\", \"codecommit:GetCommit\", \"codecommit:GetComment\", \"codecommit:GetCommitHistory\", \"codecommit:GetCommitsFromMergeBase\", \"codecommit:DescribePullRequestEvents\", \"codecommit:GetPullRequest\", \"codecommit:ListBranches\", \"codecommit:GetRepositoryTriggers\", \"codecommit:GitPull\", \"codecommit:BatchGetRepositories\", \"codecommit:GetCommentsForPullRequest\", \"codecommit:GetObjectIdentifier\", \"codecommit:CancelUploadArchive\", \"codecommit:BatchGetPullRequests\", \"codecommit:GetUploadArchiveStatus\", \"codecommit:GetDifferences\", \"codecommit:GetRepository\", \"codecommit:GetBranch\", \"codecommit:GetMergeConflicts\", \"codecommit:GitPush\"], \"Resource\": [\"arn:aws-us-gov:codecommit:us-east-1:250188540659:cloud-config-repository-production\", \"arn:aws-us-gov:codecommit:us-east-1:250188540659:cloud-config-repository-integration\"]}, {\"Effect\": \"Allow\", \"Action\": \"codecommit:ListRepositories\", \"Resource\": \"*\"}, {\"Sid\": \"VisualEditor0\", \"Effect\": \"Allow\", \"Action\": [\"ec2:RevokeSecurityGroupIngress\", \"ec2:AuthorizeSecurityGroupEgress\", \"ec2:AuthorizeSecurityGroupIngress\", \"ec2:UpdateSecurityGroupRuleDescriptionsEgress\", \"ec2:RevokeSecurityGroupEgress\", \"ec2:UpdateSecurityGroupRuleDescriptionsIngress\"], \"Resource\": [\"arn:aws-us-gov:ec2:*:*:security-group/sg-220ca35a\", \"arn:aws-us-gov:ec2:*:*:security-group/sg-e5532482\"]}, {\"Sid\": \"BasicCloudWatchModifications\", \"Effect\": \"Allow\", \"Action\": \"cloudwatch:PutDashboard\", \"Resource\": \"*\"}, {\"Sid\": \"McdsRedirectLinks\", \"Effect\": \"Allow\", \"Action\": [\"s3:PutAccountPublicAccessBlock\", \"s3:GetAccountPublicAccessBlock\", \"s3:ListAllMyBuckets\", \"s3:ListJobs\", \"s3:CreateJob\"], \"Resource\": \"*\"}, {\"Sid\": \"VisualEditor1\", \"Effect\": \"Allow\", \"Action\": \"s3:*\", \"Resource\": [\"arn:aws-us-gov:s3:::mcds-redirect-links\", \"arn:aws-us-gov:s3:::mcds-redirect-links/*\"]}]}",
            "role": "AWSReservedSSO_ServerDeveloper_bb91c899fbe6b7a6"
          },
          "sensitive_attributes": []
        }
      ]
    },
    {
      "mode": "managed",
      "type": "aws_iam_role_policy",
      "name": "AWSReservedSSO_WebClientDeveloper_9565f2e5528c3ce2_AwsSSOInlinePolicy",
      "provider": "provider[\"registry.terraform.io/hashicorp/aws\"]",
      "instances": [
        {
          "schema_version": 0,
          "attributes": {
            "id": "AWSReservedSSO_WebClientDeveloper_9565f2e5528c3ce2:AwsSSOInlinePolicy",
            "name": "AwsSSOInlinePolicy",
            "name_prefix": null,
            "policy": "{\"Version\": \"2012-10-17\", \"Statement\": [{\"Action\": [\"cloudfront:Get*\", \"cloudfront:List*\", \"s3:ListAllMyBuckets\"], \"Resource\": \"*\", \"Effect\": \"Allow\"}, {\"Action\": [\"s3:Get*\", \"s3:List*\"], \"Resource\": [\"arn:aws-us-gov:s3:::*-web-ui\", \"arn:aws-us-gov:s3:::*-web-ui/*\"], \"Effect\": \"Allow\"}]}",
            "role": "AWSReservedSSO_WebClientDeveloper_9565f2e5528c3ce2"
          },
          "sensitive_attributes": []
        }
      ]
    },
    {
      "mode": "managed",
      "type": "aws_iam_role_policy",
      "name": "JavaDockerServerDeveloper_SampleProjectsAlarms",
      "provider": "provider[\"registry.terraform.io/hashicorp/aws\"]",
      "instances": [
        {
          "schema_version": 0,
          "attributes": {
            "id": "JavaDockerServerDeveloper:SampleProjectsAlarms",
            "name": "SampleProjectsAlarms",
            "name_prefix": null,
            "policy": "{\"Version\": \"2012-10-17\", \"Statement\": [{\"Action\": [\"cloudwatch:*\"], \"Resource\": [\"arn:aws-us-gov:cloudwatch:us-gov-west-1:050779347855:alarm:microservice-alpha-sample-*\", \"arn:aws-us-gov:cloudwatch:us-gov-west-1:050779347855:alarm:microservice-beta-sample-*\", \"arn:aws-us-gov:cloudwatch:us-gov-west-1:050779347855:alarm:microservice-gamma-sample-*\"], \"Effect\": \"Allow\"}]}",
            "role": "JavaDockerServerDeveloper"
          },
          "sensitive_attributes": []
        }
      ]
    },
    {
      "mode": "managed",
      "type": "aws_iam_role_policy",
      "name": "JavaDockerServerDeveloper_SampleProjectsLogs",
      "provider": "provider[\"registry.terraform.io/hashicorp/aws\"]",
      "instances": [
        {
          "schema_version": 0,
          "attributes": {
            "id": "JavaDockerServerDeveloper:SampleProjectsLogs",
            "name": "SampleProjectsLogs",
            "name_prefix": null,
            "policy": "{\"Version\": \"2012-10-17\", \"Statement\": [{\"Action\": [\"logs:*\"], \"Resource\": [\"arn:aws-us-gov:logs:us-gov-west-1:050779347855:log-group:alpha-sample\", \"arn:aws-us-gov:logs:us-gov-west-1:050779347855:log-group:alpha-sample:*\", \"arn:aws-us-gov:logs:us-gov-west-1:050779347855:log-group:beta-sample\", \"arn:aws-us-gov:logs:us-gov-west-1:050779347855:beta-sample:*\", \"arn:aws-us-gov:logs:us-gov-west-1:050779347855:gamma-sample\", \"arn:aws-us-gov:logs:us-gov-west-1:050779347855:gamma-sample:*\"], \"Effect\": \"Allow\"}]}",
            "role": "JavaDockerServerDeveloper"
          },
          "sensitive_attributes": []
        }
      ]
    },
    {
      "mode": "managed",
      "type": "aws_iam_role_policy",
      "name": "JavaDockerServerDeveloper_SampleProjectsRepositories",
      "provider": "provider[\"registry.terraform.io/hashicorp/aws\"]",
      "instances": [
        {
          "schema_version": 0,
          "attributes": {
            "id": "JavaDockerServerDeveloper:SampleProjectsRepositories",
            "name": "SampleProjectsRepositories",
            "name_prefix": null,
            "policy": "{\"Version\": \"2012-10-17\", \"Statement\": [{\"Action\": [\"ecr:*\"], \"Resource\": [\"arn:aws-us-gov:ecr:us-gov-west-1:050779347855:repository/alpha-sample\", \"arn:aws-us-gov:ecr:us-gov-west-1:050779347855:repository/beta-sample\", \"arn:aws-us-gov:ecr:us-gov-west-1:050779347855:repository/gamma-sample\"], \"Effect\": \"Allow\"}]}",
            "role": "JavaDockerServerDeveloper"
          },
          "sensitive_attributes": []
        }
      ]
    },
    {
      "mode": "managed",
      "type": "aws_iam_role_policy",
      "name": "JavaDockerServerDeveloper_SampleProjectsTasks",
      "provider": "provider[\"registry.terraform.io/hashicorp/aws\"]",
      "instances": [
        {
          "schema_version": 0,
          "attributes": {
            "id": "JavaDockerServerDeveloper:SampleProjectsTasks",
            "name": "SampleProjectsTasks",
            "name_prefix": null,
            "policy": "{\"Version\": \"2012-10-17\", \"Statement\": [{\"Action\": [\"ecs:*\"], \"Resource\": [\"arn:aws-us-gov:ecs:us-gov-west-1:050779347855:task-definition/alpha-sample\", \"arn:aws-us-gov:ecs:us-gov-west-1:050779347855:task-definition/alpha-sample:*\", \"arn:aws-us-gov:ecs:us-gov-west-1:050779347855:task-definition/beta-sample\", \"arn:aws-us-gov:ecs:us-gov-west-1:050779347855:task-definition/beta-sample:*\", \"arn:aws-us-gov:ecs:us-gov-west-1:050779347855:task-definition/gamma-sample\", \"arn:aws-us-gov:ecs:us-gov-west-1:050779347855:task-definition/gamma-sample:*\"], \"Effect\": \"Allow\"}]}",
            "role": "JavaDockerServerDeveloper"
          },
          "sensitive_attributes": []
        }
      ]
    },
    {
      "mode": "managed",
      "type": "aws_iam_role_policy",
      "name": "LearningMediaMetadataUpdateRole_learning_media_MetadataUpdateTopic_access",
      "provider": "provider[\"registry.terraform.io/hashicorp/aws\"]",
      "instances": [
        {
          "schema_version": 0,
          "attributes": {
            "id": "LearningMediaMetadataUpdateRole:learning-media-MetadataUpdateTopic-access",
            "name": "learning-media-MetadataUpdateTopic-access",
            "name_prefix": null,
            "policy": "{\"Version\": \"2012-10-17\", \"Statement\": [{\"Action\": [\"sns:Publish\"], \"Resource\": [\"arn:aws-us-gov:sns:us-gov-west-1:050779347855:learning-media-MetadataUpdate\"], \"Effect\": \"Allow\"}]}",
            "role": "LearningMediaMetadataUpdateRole"
          },
          "sensitive_attributes": []
        }
      ]
    },
    {
      "mode": "managed",
      "type": "aws_iam_role_policy",
      "name": "LearningMediaMetadataUpdateRole_learning_media_distribution_access",
      "provider": "provider[\"registry.terraform.io/hashicorp/aws\"]",
      "instances": [
        {
          "schema_version": 0,
          "attributes": {
            "id": "LearningMediaMetadataUpdateRole:learning-media-distribution-access",
            "name": "learning-media-distribution-access",
            "name_prefix": null,
            "policy": "{\"Version\": \"2012-10-17\", \"Statement\": [{\"Action\": [\"s3:*\"], \"Resource\": [\"arn:aws-us-gov:s3:::allogy-gov-learning-media-distribution\", \"arn:aws-us-gov:s3:::allogy-gov-learning-media-distribution/*\"], \"Effect\": \"Allow\"}]}",
            "role": "LearningMediaMetadataUpdateRole"
          },
          "sensitive_attributes": []
        }
      ]
    },
    {
      "mode": "managed",
      "type": "aws_iam_role_policy",
      "name": "MediaConvertRole_media_convert_s3_access",
      "provider": "provider[\"registry.terraform.io/hashicorp/aws\"]",
      "instances": [
        {
          "schema_version": 0,
          "attributes": {
            "id": "MediaConvertRole:media-convert-s3-access",
            "name": "media-convert-s3-access",
            "name_prefix": null,
            "policy": "{\"Version\": \"2012-10-17\", \"Statement\": [{\"Action\": [\"s3:GetObject\"], \"Resource\": [\"arn:aws-us-gov:s3:::allogy-gov-learning-media\", \"arn:aws-us-gov:s3:::allogy-gov-learning-media/*\"], \"Effect\": \"Allow\"}, {\"Action\": [\"s3:PutObject\", \"s3:ListBucket\"], \"Resource\": [\"arn:aws-us-gov:s3:::allogy-gov-learning-media-distribution\", \"arn:aws-us-gov:s3:::allogy-gov-learning-media-distribution/*\"], \"Effect\": \"Allow\"}]}",
            "role": "MediaConvertRole"
          },
          "sensitive_attributes": []
        }
      ]
    },
    {
      "mode": "managed",
      "type": "aws_iam_role_policy",
      "name": "MediaStepsLambdaRole_media_convert_access",
      "provider": "provider[\"registry.terraform.io/hashicorp/aws\"]",
      "instances": [
        {
          "schema_version": 0,
          "attributes": {
            "id": "MediaStepsLambdaRole:media-convert-access",
            "name": "media-convert-access",
            "name_prefix": null,
            "policy": "{\"Version\": \"2012-10-17\", \"Statement\": [{\"Sid\": \"VisualEditor0\", \"Effect\": \"Allow\", \"Action\": [\"mediaconvert:GetJob\", \"mediaconvert:CreateJob\"], \"Resource\": [\"arn:aws-us-gov:mediaconvert:us-gov-west-1:050779347855:jobTemplates/*\", \"arn:aws-us-gov:mediaconvert:us-gov-west-1:050779347855:presets/*\", \"arn:aws-us-gov:mediaconvert:us-gov-west-1:050779347855:jobs/*\", \"arn:aws-us-gov:mediaconvert:us-gov-west-1:050779347855:queues/Default\"]}]}",
            "role": "MediaStepsLambdaRole"
          },
          "sensitive_attributes": []
        }
      ]
    },
    {
      "mode": "managed",
      "type": "aws_iam_role_policy",
      "name": "MediaStepsLambdaRole_media_step_functions_dynamodb",
      "provider": "provider[\"registry.terraform.io/hashicorp/aws\"]",
      "instances": [
        {
          "schema_version": 0,
          "attributes": {
            "id": "MediaStepsLambdaRole:media-step-functions-dynamodb",
            "name": "media-step-functions-dynamodb",
            "name_prefix": null,
            "policy": "{\"Version\": \"2012-10-17\", \"Statement\": [{\"Action\": [\"dynamodb:*\"], \"Resource\": \"arn:aws-us-gov:dynamodb:us-gov-west-1:050779347855:table/learning.MediaSteps\", \"Effect\": \"Allow\"}]}",
            "role": "MediaStepsLambdaRole"
          },
          "sensitive_attributes": []
        }
      ]
    },
    {
      "mode": "managed",
      "type": "aws_iam_role_policy",
      "name": "MediaStepsLambdaRole_media_step_functions_lambda_passrole_to_media_convert",
      "provider": "provider[\"registry.terraform.io/hashicorp/aws\"]",
      "instances": [
        {
          "schema_version": 0,
          "attributes": {
            "id": "MediaStepsLambdaRole:media-step-functions-lambda-passrole-to-media-convert",
            "name": "media-step-functions-lambda-passrole-to-media-convert",
            "name_prefix": null,
            "policy": "{\"Version\": \"2012-10-17\", \"Statement\": [{\"Action\": [\"iam:PassRole\"], \"Resource\": \"arn:aws-us-gov:iam::050779347855:role/MediaConvertRole\", \"Effect\": \"Allow\"}]}",
            "role": "MediaStepsLambdaRole"
          },
          "sensitive_attributes": []
        }
      ]
    },
    {
      "mode": "managed",
      "type": "aws_iam_role_policy",
      "name": "MediaStepsLambdaRole_media_step_functions_start_execution",
      "provider": "provider[\"registry.terraform.io/hashicorp/aws\"]",
      "instances": [
        {
          "schema_version": 0,
          "attributes": {
            "id": "MediaStepsLambdaRole:media-step-functions-start-execution",
            "name": "media-step-functions-start-execution",
            "name_prefix": null,
            "policy": "{\"Version\": \"2012-10-17\", \"Statement\": [{\"Action\": [\"states:StartExecution\"], \"Resource\": \"arn:aws-us-gov:states:us-gov-west-1:050779347855:stateMachine:MediaPublisher\", \"Effect\": \"Allow\"}]}",
            "role": "MediaStepsLambdaRole"
          },
          "sensitive_attributes": []
        }
      ]
    },
    {
      "mode": "managed",
      "type": "aws_iam_role_policy",
      "name": "aws_api_gateway_role_api_gateway_invoke_lambda_functions",
      "provider": "provider[\"registry.terraform.io/hashicorp/aws\"]",
      "instances": [
        {
          "schema_version": 0,
          "attributes": {
            "id": "aws-api-gateway-role:api-gateway-invoke-lambda-functions",
            "name": "api-gateway-invoke-lambda-functions",
            "name_prefix": null,
            "policy": "{\"Version\": \"2012-10-17\", \"Statement\": [{\"Effect\": \"Allow\", \"Action\": \"lambda:InvokeFunction\", \"Resource\": \"*\"}]}",
            "role": "aws-api-gateway-role"
          },
          "sensitive_attributes": []
        }
      ]
    },
    {
      "mode": "managed",
      "type": "aws_iam_role_policy",
      "name": "cognito_authenticated_role_AllogyInternalCognito_CognitoAuthenticatedPolicy",
      "provider": "provider[\"registry.terraform.io/hashicorp/aws\"]",
      "instances": [
        {
          "schema_version": 0,
          "attributes": {
            "id": "cognito-authenticated-role-AllogyInternalCognito:CognitoAuthenticatedPolicy",
            "name": "CognitoAuthenticatedPolicy",
            "name_prefix": null,
            "policy": "{\"Version\": \"2012-10-17\", \"Statement\": [{\"Action\": [\"mobileanalytics:PutEvents\", \"cognito-sync:*\", \"cognito-identity:*\"], \"Resource\": \"*\", \"Effect\": \"Allow\"}]}",
            "role": "cognito-authenticated-role-AllogyInternalCognito"
          },
          "sensitive_attributes": []
        }
      ]
    },
    {
      "mode": "managed",
      "type": "aws_iam_role_policy",
      "name": "cognito_unauthenticated_role_AllogyInternalCognito_CognitoUnAuthenticatedPolicy",
      "provider": "provider[\"registry.terraform.io/hashicorp/aws\"]",
      "instances": [
        {
          "schema_version": 0,
          "attributes": {
            "id": "cognito-unauthenticated-role-AllogyInternalCognito:CognitoUnAuthenticatedPolicy",
            "name": "CognitoUnAuthenticatedPolicy",
            "name_prefix": null,
            "policy": "{\"Version\": \"2012-10-17\", \"Statement\": [{\"Action\": [\"mobileanalytics:PutEvents\", \"cognito-sync:*\"], \"Resource\": \"*\", \"Effect\": \"Allow\"}]}",
            "role": "cognito-unauthenticated-role-AllogyInternalCognito"
          },
          "sensitive_attributes": []
        }
      ]
    },
    {
      "mode": "managed",
      "type": "aws_iam_role_policy",
      "name": "ecsInstanceRole_ecsInstanceRole",
      "provider": "provider[\"registry.terraform.io/hashicorp/aws\"]",
      "instances": [
        {
          "schema_version": 0,
          "attributes": {
            "id": "ecsInstanceRole:ecsInstanceRole",
            "name": "ecsInstanceRole",
            "name_prefix": null,
            "policy": "{\"Version\": \"2012-10-17\", \"Statement\": [{\"Effect\": \"Allow\", \"Action\": [\"ecs:CreateCluster\", \"ecs:DeregisterContainerInstance\", \"ecs:DiscoverPollEndpoint\", \"ecs:Poll\", \"ecs:RegisterContainerInstance\", \"ecs:Submit*\"], \"Resource\": [\"*\"]}]}",
            "role": "ecsInstanceRole"
          },
          "sensitive_attributes": []
        }
      ]
    },
    {
      "mode": "managed",
      "type": "aws_iam_role_policy",
      "name": "infrastructure_ecsMetricCollector_ECSRead",
      "provider": "provider[\"registry.terraform.io/hashicorp/aws\"]",
      "instances": [
        {
          "schema_version": 0,
          "attributes": {
            "id": "infrastructure-ecsMetricCollector:ECSRead",
            "name": "ECSRead",
            "name_prefix": null,
            "policy": "{\"Version\": \"2012-10-17\", \"Statement\": [{\"Action\": [\"ecs:List*\", \"ecs:Describe*\"], \"Resource\": \"*\", \"Effect\": \"Allow\"}]}",
            "role": "infrastructure-ecsMetricCollector"
          },
          "sensitive_attributes": []
        }
      ]
    },
    {
      "mode": "managed",
      "type": "aws_iam_role_policy",
      "name": "infrastructure_eureka_discovery_service_UpdateRoute53DNS",
      "provider": "provider[\"registry.terraform.io/hashicorp/aws\"]",
      "instances": [
        {
          "schema_version": 0,
          "attributes": {
            "id": "infrastructure-eureka-discovery-service:UpdateRoute53DNS",
            "name": "UpdateRoute53DNS",
            "name_prefix": null,
            "policy": "{\"Version\": \"2012-10-17\", \"Statement\": [{\"Action\": \"route53:ChangeResourceRecordSets\", \"Resource\": \"arn:aws-us-gov:route53:::hostedzone/Z10007291701AVIAY46A3\", \"Effect\": \"Allow\"}]}",
            "role": "infrastructure-eureka-discovery-service"
          },
          "sensitive_attributes": []
        }
      ]
    },
    {
      "mode": "managed",
      "type": "aws_iam_role_policy",
      "name": "lambda_learning_activity_service_LambdaLearningActivitySNSRole",
      "provider": "provider[\"registry.terraform.io/hashicorp/aws\"]",
      "instances": [
        {
          "schema_version": 0,
          "attributes": {
            "id": "lambda-learning-activity-service:LambdaLearningActivitySNSRole",
            "name": "LambdaLearningActivitySNSRole",
            "name_prefix": null,
            "policy": "{\"Version\": \"2012-10-17\", \"Statement\": {\"Action\": [\"sns:Publish\"], \"Resource\": [\"arn:aws-us-gov:sns:*:*:learning-activitiesPosted\"], \"Effect\": \"Allow\"}}",
            "role": "lambda-learning-activity-service"
          },
          "sensitive_attributes": []
        }
      ]
    },
    {
      "mode": "managed",
      "type": "aws_iam_role_policy",
      "name": "lambda_learning_activity_service_LambdaLearningActivitySendSqsRole",
      "provider": "provider[\"registry.terraform.io/hashicorp/aws\"]",
      "instances": [
        {
          "schema_version": 0,
          "attributes": {
            "id": "lambda-learning-activity-service:LambdaLearningActivitySendSqsRole",
            "name": "LambdaLearningActivitySendSqsRole",
            "name_prefix": null,
            "policy": "{\"Version\": \"2012-10-17\", \"Statement\": {\"Action\": [\"sqs:SendMessage\"], \"Resource\": [\"arn:aws-us-gov:sqs:*:*:learning-CreateActivities\"], \"Effect\": \"Allow\"}}",
            "role": "lambda-learning-activity-service"
          },
          "sensitive_attributes": []
        }
      ]
    },
    {
      "mode": "managed",
      "type": "aws_iam_role_policy",
      "name": "lambda_market_download_tracking_service_LambdaMarketDownloadDynamoDbAccess",
      "provider": "provider[\"registry.terraform.io/hashicorp/aws\"]",
      "instances": [
        {
          "schema_version": 0,
          "attributes": {
            "id": "lambda-market-download-tracking-service:LambdaMarketDownloadDynamoDbAccess",
            "name": "LambdaMarketDownloadDynamoDbAccess",
            "name_prefix": null,
            "policy": "{\"Version\": \"2012-10-17\", \"Statement\": [{\"Action\": [\"dynamodb:*\"], \"Resource\": [\"arn:aws-us-gov:dynamodb::050779347855:table/market.download.Download\", \"arn:aws-us-gov:dynamodb::050779347855:table/market.download.Download/*\", \"arn:aws-us-gov:dynamodb::050779347855:table/market.download.Content\", \"arn:aws-us-gov:dynamodb::050779347855:table/market.download.Content/*\"], \"Effect\": \"Allow\"}]}",
            "role": "lambda-market-download-tracking-service"
          },
          "sensitive_attributes": []
        }
      ]
    },
    {
      "mode": "managed",
      "type": "aws_iam_role_policy",
      "name": "learning_book_extractor_role_learning_book_extractor_s3_access",
      "provider": "provider[\"registry.terraform.io/hashicorp/aws\"]",
      "instances": [
        {
          "schema_version": 0,
          "attributes": {
            "id": "learning-book-extractor-role:learning-book-extractor-s3-access",
            "name": "learning-book-extractor-s3-access",
            "name_prefix": null,
            "policy": "{\"Version\": \"2012-10-17\", \"Statement\": [{\"Action\": [\"s3:*\"], \"Resource\": [\"arn:aws-us-gov:s3:::allogy-gov-bundles/*\", \"arn:aws-us-gov:s3:::allogy-gov-bundles\", \"arn:aws-us-gov:s3:::allogy-gov-contents/*\", \"arn:aws-us-gov:s3:::allogy-gov-contents\"], \"Effect\": \"Allow\"}]}",
            "role": "learning-book-extractor-role"
          },
          "sensitive_attributes": []
        }
      ]
    },
    {
      "mode": "managed",
      "type": "aws_iam_role_policy",
      "name": "learning_media_lambda_image_role_LearningImageS3Access",
      "provider": "provider[\"registry.terraform.io/hashicorp/aws\"]",
      "instances": [
        {
          "schema_version": 0,
          "attributes": {
            "id": "learning-media-lambda-image-role:LearningImageS3Access",
            "name": "LearningImageS3Access",
            "name_prefix": null,
            "policy": "{\"Version\": \"2012-10-17\", \"Statement\": [{\"Action\": [\"s3:*\"], \"Resource\": [\"arn:aws-us-gov:s3:::allogy-gov-learning-image/*\", \"arn:aws-us-gov:s3:::allogy-gov-learning-image\", \"arn:aws-us-gov:s3:::allogy-gov-learning-image-distribution/*\", \"arn:aws-us-gov:s3:::allogy-gov-learning-image-distribution\", \"arn:aws-us-gov:s3:::allogy-gov-learning-icon/*\", \"arn:aws-us-gov:s3:::allogy-gov-learning-icon\", \"arn:aws-us-gov:s3:::allogy-gov-learning-icon-distribution/*\", \"arn:aws-us-gov:s3:::allogy-gov-learning-icon-distribution\"], \"Effect\": \"Allow\"}]}",
            "role": "learning-media-lambda-image-role"
          },
          "sensitive_attributes": []
        }
      ]
    },
    {
      "mode": "managed",
      "type": "aws_iam_role_policy",
      "name": "learning_media_metadata_update_role_learning_media_distribution_access",
      "provider": "provider[\"registry.terraform.io/hashicorp/aws\"]",
      "instances": [
        {
          "schema_version": 0,
          "attributes": {
            "id": "learning-media-metadata-update-role:learning-media-distribution-access",
            "name": "learning-media-distribution-access",
            "name_prefix": null,
            "policy": "{\"Version\": \"2012-10-17\", \"Statement\": [{\"Action\": [\"s3:*\"], \"Resource\": [\"arn:aws-us-gov:s3:::allogy-gov-learning-media-distribution\", \"arn:aws-us-gov:s3:::allogy-gov-learning-media-distribution/*\"], \"Effect\": \"Allow\"}]}",
            "role": "learning-media-metadata-update-role"
          },
          "sensitive_attributes": []
        }
      ]
    },
    {
      "mode": "managed",
      "type": "aws_iam_role_policy",
      "name": "learning_media_pdf_processor_role_learning_media_pdf_s3_access",
      "provider": "provider[\"registry.terraform.io/hashicorp/aws\"]",
      "instances": [
        {
          "schema_version": 0,
          "attributes": {
            "id": "learning-media-pdf-processor-role:learning-media-pdf-s3-access",
            "name": "learning-media-pdf-s3-access",
            "name_prefix": null,
            "policy": "{\"Version\": \"2012-10-17\", \"Statement\": [{\"Sid\": \"VisualEditor0\", \"Effect\": \"Allow\", \"Action\": [\"s3:PutObject\", \"s3:GetObject\", \"s3:ListBucket\"], \"Resource\": [\"arn:aws-us-gov:s3:::allogy-gov-learning-pdf\", \"arn:aws-us-gov:s3:::allogy-gov-learning-pdf/*\"]}]}",
            "role": "learning-media-pdf-processor-role"
          },
          "sensitive_attributes": []
        }
      ]
    },
    {
      "mode": "managed",
      "type": "aws_iam_role_policy",
      "name": "ses_notification_recorder_firehose_put_record",
      "provider": "provider[\"registry.terraform.io/hashicorp/aws\"]",
      "instances": [
        {
          "schema_version": 0,
          "attributes": {
            "id": "ses-notification-recorder:firehose-put-record",
            "name": "firehose-put-record",
            "name_prefix": null,
            "policy": "{\"Version\": \"2012-10-17\", \"Statement\": [{\"Sid\": \"VisualEditor0\", \"Effect\": \"Allow\", \"Action\": [\"firehose:PutRecord\", \"firehose:PutRecordBatch\"], \"Resource\": \"arn:aws-us-gov:firehose:us-gov-west-1:050779347855:deliverystream/ses-email-notifications\"}]}",
            "role": "ses-notification-recorder"
          },
          "sensitive_attributes": []
        }
      ]
    },
    {
      "mode": "managed",
      "type": "aws_iam_role_policy",
      "name": "ses_notifications_recorder_kinesis_firehose_delivery_Role",
      "provider": "provider[\"registry.terraform.io/hashicorp/aws\"]",
      "instances": [
        {
          "schema_version": 0,
          "attributes": {
            "id": "ses-notifications-recorder-kinesis:firehose_delivery_Role",
            "name": "firehose_delivery_Role",
            "name_prefix": null,
            "policy": "{\"Version\": \"2012-10-17\", \"Statement\": [{\"Sid\": \"VisualEditor0\", \"Effect\": \"Allow\", \"Action\": [\"kms:Decrypt\", \"kms:GenerateDataKey\"], \"Resource\": \"arn:aws-us-gov:kms:us-gov-west-1:050779347855:alias/aws/s3\", \"Condition\": {\"StringEquals\": {\"kms:ViaService\": \"s3.us-gov-west-1.amazonaws.com\"}, \"StringLike\": {\"kms:EncryptionContext:aws-us-gov:s3:arn\": \"arn:aws-us-gov:s3:::allogy-gov-email/ses-notifications/*\"}}}, {\"Sid\": \"VisualEditor1\", \"Effect\": \"Allow\", \"Action\": \"kms:Decrypt\", \"Resource\": \"arn:aws-us-gov:kms:us-gov-west-1:050779347855:key/%SSE_KEY_ARN%\", \"Condition\": {\"StringEquals\": {\"kms:ViaService\": \"kinesis.us-gov-west-1.amazonaws.com\"}, \"StringLike\": {\"kms:EncryptionContext:aws-us-gov:kinesis:arn\": \"arn:aws-us-gov:kinesis:%REGION_NAME%:050779347855:stream%FIREHOSE_STREAM_NAME%\"}}}, {\"Sid\": \"VisualEditor2\", \"Effect\": \"Allow\", \"Action\": [\"s3:PutObject\", \"s3:GetObject\", \"s3:ListBucketMultipartUploads\", \"s3:AbortMultipartUpload\", \"lambda:InvokeFunction\", \"kinesis:GetShardIterator\", \"kinesis:GetRecords\", \"kinesis:DescribeStream\", \"lambda:GetFunctionConfiguration\", \"s3:ListBucket\", \"logs:PutLogEvents\", \"s3:GetBucketLocation\"], \"Resource\": [\"arn:aws-us-gov:logs:us-gov-west-1:050779347855:log-group:/aws/kinesisfirehose/ses-email-notifications:log-stream:*\", \"arn:aws-us-gov:kinesis:us-gov-west-1:050779347855:stream/%FIREHOSE_STREAM_NAME%\", \"arn:aws-us-gov:lambda:us-gov-west-1:050779347855:function:%FIREHOSE_DEFAULT_FUNCTION%:%FIREHOSE_DEFAULT_VERSION%\", \"arn:aws-us-gov:s3:::allogy-gov-email\", \"arn:aws-us-gov:s3:::allogy-gov-email/*\", \"arn:aws-us-gov:s3:::%FIREHOSE_BUCKET_NAME%\", \"arn:aws-us-gov:s3:::%FIREHOSE_BUCKET_NAME%/*\"]}]}",
            "role": "ses-notifications-recorder-kinesis"
          },
          "sensitive_attributes": []
        }
      ]
    },
    {
      "mode": "managed",
      "type": "aws_iam_role_policy",
      "name": "web_app_assessment_service_PublishSNS",
      "provider": "provider[\"registry.terraform.io/hashicorp/aws\"]",
      "instances": [
        {
          "schema_version": 0,
          "attributes": {
            "id": "web-app-assessment-service:PublishSNS",
            "name": "PublishSNS",
            "name_prefix": null,
            "policy": "{\"Version\": \"2012-10-17\", \"Statement\": [{\"Action\": [\"sns:Publish\"], \"Resource\": [\"arn:aws-us-gov:sns:us-gov-west-1:050779347855:learning-assessments-Assessment\", \"arn:aws-us-gov:sns:us-gov-west-1:050779347855:learning-assessments-AssessmentAttempt\"], \"Effect\": \"Allow\"}]}",
            "role": "web-app-assessment-service"
          },
          "sensitive_attributes": []
        }
      ]
    },
    {
      "mode": "managed",
      "type": "aws_iam_role_policy",
      "name": "web_app_bitbucket_repositories_archiver_web_app_bitbucket_repositories_archiver",
      "provider": "provider[\"registry.terraform.io/hashicorp/aws\"]",
      "instances": [
        {
          "schema_version": 0,
          "attributes": {
            "id": "web-app-bitbucket-repositories-archiver:web-app-bitbucket-repositories-archiver",
            "name": "web-app-bitbucket-repositories-archiver",
            "name_prefix": null,
            "policy": "{\"Version\": \"2012-10-17\", \"Statement\": [{\"Action\": [\"s3:PutObject\"], \"Resource\": [\"arn:aws-us-gov:s3:::allogy-repositories-backup\", \"arn:aws-us-gov:s3:::allogy-repositories-backup/*\"], \"Effect\": \"Allow\"}]}",
            "role": "web-app-bitbucket-repositories-archiver"
          },
          "sensitive_attributes": []
        }
      ]
    },
    {
      "mode": "managed",
      "type": "aws_iam_role_policy",
      "name": "web_app_book_service_book_service_dynamodb_access",
      "provider": "provider[\"registry.terraform.io/hashicorp/aws\"]",
      "instances": [
        {
          "schema_version": 0,
          "attributes": {
            "id": "web-app-book-service:book-service-dynamodb-access",
            "name": "book-service-dynamodb-access",
            "name_prefix": null,
            "policy": "{\"Version\": \"2012-10-17\", \"Statement\": [{\"Action\": \"dynamodb:*\", \"Resource\": \"arn:aws-us-gov:dynamodb:us-gov-west-1:050779347855:table/learning.Book\", \"Effect\": \"Allow\"}]}",
            "role": "web-app-book-service"
          },
          "sensitive_attributes": []
        }
      ]
    },
    {
      "mode": "managed",
      "type": "aws_iam_role_policy",
      "name": "web_app_book_service_book_service_s3_access",
      "provider": "provider[\"registry.terraform.io/hashicorp/aws\"]",
      "instances": [
        {
          "schema_version": 0,
          "attributes": {
            "id": "web-app-book-service:book-service-s3-access",
            "name": "book-service-s3-access",
            "name_prefix": null,
            "policy": "{\"Version\": \"2012-10-17\", \"Statement\": [{\"Action\": \"s3:*\", \"Resource\": [\"arn:aws-us-gov:s3:::allogy-gov-bundles\", \"arn:aws-us-gov:s3:::allogy-gov-bundles/*\", \"arn:aws-us-gov:s3:::allogy-gov-contents\", \"arn:aws-us-gov:s3:::allogy-gov-contents/*\"], \"Effect\": \"Allow\"}]}",
            "role": "web-app-book-service"
          },
          "sensitive_attributes": []
        }
      ]
    },
    {
      "mode": "managed",
      "type": "aws_iam_role_policy",
      "name": "web_app_book_service_book_service_sns_notifications",
      "provider": "provider[\"registry.terraform.io/hashicorp/aws\"]",
      "instances": [
        {
          "schema_version": 0,
          "attributes": {
            "id": "web-app-book-service:book-service-sns-notifications",
            "name": "book-service-sns-notifications",
            "name_prefix": null,
            "policy": "{\"Version\": \"2012-10-17\", \"Statement\": [{\"Sid\": \"VisualEditor0\", \"Effect\": \"Allow\", \"Action\": \"sns:*\", \"Resource\": \"arn:aws-us-gov:sns:us-gov-west-1:050779347855:learning-bookContentDownloaded\"}]}",
            "role": "web-app-book-service"
          },
          "sensitive_attributes": []
        }
      ]
    },
    {
      "mode": "managed",
      "type": "aws_iam_role_policy",
      "name": "web_app_builder_find_bundled_works_task_read_update_publication_task",
      "provider": "provider[\"registry.terraform.io/hashicorp/aws\"]",
      "instances": [
        {
          "schema_version": 0,
          "attributes": {
            "id": "web-app-builder-find-bundled-works-task:read-update-publication-task",
            "name": "read-update-publication-task",
            "name_prefix": null,
            "policy": "{\"Version\": \"2012-10-17\", \"Statement\": [{\"Action\": [\"states:GetActivityTask\", \"states:SendTaskFailure\", \"states:SendTaskHeartbeat\", \"states:SendTaskSuccess\"], \"Resource\": [\"arn:aws-us-gov:states:us-gov-west-1:050779347855:activity:findBundledWorks\"], \"Effect\": \"Allow\"}]}",
            "role": "web-app-builder-find-bundled-works-task"
          },
          "sensitive_attributes": []
        }
      ]
    },
    {
      "mode": "managed",
      "type": "aws_iam_role_policy",
      "name": "web_app_builder_publish_bundled_works_task_read_update_publication_task",
      "provider": "provider[\"registry.terraform.io/hashicorp/aws\"]",
      "instances": [
        {
          "schema_version": 0,
          "attributes": {
            "id": "web-app-builder-publish-bundled-works-task:read-update-publication-task",
            "name": "read-update-publication-task",
            "name_prefix": null,
            "policy": "{\"Version\": \"2012-10-17\", \"Statement\": [{\"Action\": [\"states:GetActivityTask\", \"states:SendTaskFailure\", \"states:SendTaskHeartbeat\", \"states:SendTaskSuccess\"], \"Resource\": [\"arn:aws-us-gov:states:us-gov-west-1:050779347855:activity:publishBundledWorks\", \"arn:aws-us-gov:states:us-gov-west-1:050779347855:activity:bundledWorksPublicationStatus\"], \"Effect\": \"Allow\"}]}",
            "role": "web-app-builder-publish-bundled-works-task"
          },
          "sensitive_attributes": []
        }
      ]
    },
    {
      "mode": "managed",
      "type": "aws_iam_role_policy",
      "name": "web_app_builder_publisher_task_read_update_publication_task",
      "provider": "provider[\"registry.terraform.io/hashicorp/aws\"]",
      "instances": [
        {
          "schema_version": 0,
          "attributes": {
            "id": "web-app-builder-publisher-task:read-update-publication-task",
            "name": "read-update-publication-task",
            "name_prefix": null,
            "policy": "{\"Version\": \"2012-10-17\", \"Statement\": [{\"Action\": [\"states:GetActivityTask\", \"states:SendTaskFailure\", \"states:SendTaskHeartbeat\", \"states:SendTaskSuccess\"], \"Resource\": [\"arn:aws-us-gov:states:us-gov-west-1:050779347855:activity:findBundledWorks\", \"arn:aws-us-gov:states:us-gov-west-1:050779347855:activity:publishBundledWorks\", \"arn:aws-us-gov:states:us-gov-west-1:050779347855:activity:bundledWorksPublicationStatus\", \"arn:aws-us-gov:states:us-gov-west-1:050779347855:activity:publishUsingBuilder\", \"arn:aws-us-gov:states:us-gov-west-1:050779347855:activity:courseInstancePublisherTask\", \"arn:aws-us-gov:states:us-gov-west-1:050779347855:activity:publishToMarketService\"], \"Effect\": \"Allow\"}]}",
            "role": "web-app-builder-publisher-task"
          },
          "sensitive_attributes": []
        }
      ]
    },
    {
      "mode": "managed",
      "type": "aws_iam_role_policy",
      "name": "web_app_builder_sqs_task_ProcessUpdateQueue",
      "provider": "provider[\"registry.terraform.io/hashicorp/aws\"]",
      "instances": [
        {
          "schema_version": 0,
          "attributes": {
            "id": "web-app-builder-sqs-task:ProcessUpdateQueue",
            "name": "ProcessUpdateQueue",
            "name_prefix": null,
            "policy": "{\"Version\": \"2012-10-17\", \"Statement\": [{\"Action\": [\"sqs:Get*\", \"sqs:*Message*\"], \"Resource\": \"arn:aws-us-gov:sqs:us-gov-west-1:050779347855:builder-builderServiceUpdateQueue\", \"Effect\": \"Allow\"}]}",
            "role": "web-app-builder-sqs-task"
          },
          "sensitive_attributes": []
        }
      ]
    },
    {
      "mode": "managed",
      "type": "aws_iam_role_policy",
      "name": "web_app_chat_allogy_server_ProcessChatQueue",
      "provider": "provider[\"registry.terraform.io/hashicorp/aws\"]",
      "instances": [
        {
          "schema_version": 0,
          "attributes": {
            "id": "web-app-chat-allogy-server:ProcessChatQueue",
            "name": "ProcessChatQueue",
            "name_prefix": null,
            "policy": "{\"Version\": \"2012-10-17\", \"Statement\": [{\"Action\": [\"sqs:Get*\", \"sqs:*Message*\"], \"Resource\": \"arn:aws-us-gov:sqs:us-gov-west-1:050779347855:collaboration-chat-chatAllogyQueue\", \"Effect\": \"Allow\"}]}",
            "role": "web-app-chat-allogy-server"
          },
          "sensitive_attributes": []
        }
      ]
    },
    {
      "mode": "managed",
      "type": "aws_iam_role_policy",
      "name": "web_app_code_service_dynamoDB",
      "provider": "provider[\"registry.terraform.io/hashicorp/aws\"]",
      "instances": [
        {
          "schema_version": 0,
          "attributes": {
            "id": "web-app-code-service:dynamoDB",
            "name": "dynamoDB",
            "name_prefix": null,
            "policy": "{\"Version\": \"2012-10-17\", \"Statement\": [{\"Action\": \"dynamodb:*\", \"Resource\": [\"arn:aws-us-gov:dynamodb:us-gov-west-1:050779347855:table/userCodes.Code\", \"arn:aws-us-gov:dynamodb:us-gov-west-1:050779347855:table/userCodes.Code/*\"], \"Effect\": \"Allow\"}]}",
            "role": "web-app-code-service"
          },
          "sensitive_attributes": []
        }
      ]
    },
    {
      "mode": "managed",
      "type": "aws_iam_role_policy",
      "name": "web_app_collaboration_person_service_person_images_s3_buckets",
      "provider": "provider[\"registry.terraform.io/hashicorp/aws\"]",
      "instances": [
        {
          "schema_version": 0,
          "attributes": {
            "id": "web-app-collaboration-person-service:person-images-s3-buckets",
            "name": "person-images-s3-buckets",
            "name_prefix": null,
            "policy": "{\"Version\": \"2012-10-17\", \"Statement\": [{\"Sid\": \"VisualEditor0\", \"Effect\": \"Allow\", \"Action\": [\"s3:*\"], \"Resource\": [\"arn:aws-us-gov:s3:::allogy-gov-person-images-upload\", \"arn:aws-us-gov:s3:::allogy-gov-person-images-upload/*\", \"arn:aws-us-gov:s3:::allogy-gov-person-images-scaled\", \"arn:aws-us-gov:s3:::allogy-gov-person-images-scaled/*\"]}]}",
            "role": "web-app-collaboration-person-service"
          },
          "sensitive_attributes": []
        }
      ]
    },
    {
      "mode": "managed",
      "type": "aws_iam_role_policy",
      "name": "web_app_content_download_analytics_service_ProcessDownloadQueue",
      "provider": "provider[\"registry.terraform.io/hashicorp/aws\"]",
      "instances": [
        {
          "schema_version": 0,
          "attributes": {
            "id": "web-app-content-download-analytics-service:ProcessDownloadQueue",
            "name": "ProcessDownloadQueue",
            "name_prefix": null,
            "policy": "{\"Version\": \"2012-10-17\", \"Statement\": [{\"Action\": [\"sqs:Get*\", \"sqs:*Message*\"], \"Resource\": \"arn:aws-us-gov:sqs:us-gov-west-1:050779347855:learning-contentDownloadsUpdateQueue\", \"Effect\": \"Allow\"}]}",
            "role": "web-app-content-download-analytics-service"
          },
          "sensitive_attributes": []
        }
      ]
    },
    {
      "mode": "managed",
      "type": "aws_iam_role_policy",
      "name": "web_app_content_download_analytics_service_content_download_analytics_service_dynamodb",
      "provider": "provider[\"registry.terraform.io/hashicorp/aws\"]",
      "instances": [
        {
          "schema_version": 0,
          "attributes": {
            "id": "web-app-content-download-analytics-service:content-download-analytics-service-dynamodb",
            "name": "content-download-analytics-service-dynamodb",
            "name_prefix": null,
            "policy": "{\"Version\": \"2012-10-17\", \"Statement\": [{\"Effect\": \"Allow\", \"Action\": [\"dynamodb:*\"], \"Resource\": [\"arn:aws-us-gov:dynamodb:us-gov-west-1:050779347855:table/market.download.Download\"]}]}",
            "role": "web-app-content-download-analytics-service"
          },
          "sensitive_attributes": []
        }
      ]
    },
    {
      "mode": "managed",
      "type": "aws_iam_role_policy",
      "name": "web_app_course_content_progress_service_ProcessProgressQueue",
      "provider": "provider[\"registry.terraform.io/hashicorp/aws\"]",
      "instances": [
        {
          "schema_version": 0,
          "attributes": {
            "id": "web-app-course-content-progress-service:ProcessProgressQueue",
            "name": "ProcessProgressQueue",
            "name_prefix": null,
            "policy": "{\"Version\": \"2012-10-17\", \"Statement\": [{\"Action\": [\"sqs:Get*\", \"sqs:*Message*\"], \"Resource\": \"arn:aws-us-gov:sqs:us-gov-west-1:050779347855:learning-courseProgressNodesUpdated\", \"Effect\": \"Allow\"}]}",
            "role": "web-app-course-content-progress-service"
          },
          "sensitive_attributes": []
        }
      ]
    },
    {
      "mode": "managed",
      "type": "aws_iam_role_policy",
      "name": "web_app_course_content_progress_service_PublishSNS",
      "provider": "provider[\"registry.terraform.io/hashicorp/aws\"]",
      "instances": [
        {
          "schema_version": 0,
          "attributes": {
            "id": "web-app-course-content-progress-service:PublishSNS",
            "name": "PublishSNS",
            "name_prefix": null,
            "policy": "{\"Version\": \"2012-10-17\", \"Statement\": [{\"Action\": [\"sns:Publish\"], \"Resource\": [\"arn:aws-us-gov:sns:us-gov-west-1:050779347855:learning-courseProgressNodesUpdated\", \"arn:aws-us-gov:sns:us-gov-west-1:050779347855:learning-courseProgressAggregateUpdated\"], \"Effect\": \"Allow\"}]}",
            "role": "web-app-course-content-progress-service"
          },
          "sensitive_attributes": []
        }
      ]
    },
    {
      "mode": "managed",
      "type": "aws_iam_role_policy",
      "name": "web_app_course_instance_publisher_task_read_update_publication_task",
      "provider": "provider[\"registry.terraform.io/hashicorp/aws\"]",
      "instances": [
        {
          "schema_version": 0,
          "attributes": {
            "id": "web-app-course-instance-publisher-task:read-update-publication-task",
            "name": "read-update-publication-task",
            "name_prefix": null,
            "policy": "{\"Version\": \"2012-10-17\", \"Statement\": [{\"Action\": [\"states:GetActivityTask\", \"states:SendTaskFailure\", \"states:SendTaskHeartbeat\", \"states:SendTaskSuccess\"], \"Resource\": [\"arn:aws-us-gov:states:us-gov-west-1:050779347855:activity:courseInstancePublisherTask\"], \"Effect\": \"Allow\"}]}",
            "role": "web-app-course-instance-publisher-task"
          },
          "sensitive_attributes": []
        }
      ]
    },
    {
      "mode": "managed",
      "type": "aws_iam_role_policy",
      "name": "web_app_course_instance_service_ProcessUpdateQueue",
      "provider": "provider[\"registry.terraform.io/hashicorp/aws\"]",
      "instances": [
        {
          "schema_version": 0,
          "attributes": {
            "id": "web-app-course-instance-service:ProcessUpdateQueue",
            "name": "ProcessUpdateQueue",
            "name_prefix": null,
            "policy": "{\"Version\": \"2012-10-17\", \"Statement\": [{\"Action\": [\"sqs:Get*\", \"sqs:*Message*\"], \"Resource\": \"arn:aws-us-gov:sqs:us-gov-west-1:050779347855:learning-courseInstanceUpdateQueue\", \"Effect\": \"Allow\"}]}",
            "role": "web-app-course-instance-service"
          },
          "sensitive_attributes": []
        }
      ]
    },
    {
      "mode": "managed",
      "type": "aws_iam_role_policy",
      "name": "web_app_course_instance_service_PublishSNS",
      "provider": "provider[\"registry.terraform.io/hashicorp/aws\"]",
      "instances": [
        {
          "schema_version": 0,
          "attributes": {
            "id": "web-app-course-instance-service:PublishSNS",
            "name": "PublishSNS",
            "name_prefix": null,
            "policy": "{\"Version\": \"2012-10-17\", \"Statement\": [{\"Action\": [\"sns:Publish\"], \"Resource\": [\"arn:aws-us-gov:sns:us-gov-west-1:050779347855:learning-courses-courseCreated\", \"arn:aws-us-gov:sns:us-gov-west-1:050779347855:learning-courses-studentEnrolled\", \"arn:aws-us-gov:sns:us-gov-west-1:050779347855:learning-courses-studentsRemoved\", \"arn:aws-us-gov:sns:us-gov-west-1:050779347855:learning-courses-courseCompleted\"], \"Effect\": \"Allow\"}]}",
            "role": "web-app-course-instance-service"
          },
          "sensitive_attributes": []
        }
      ]
    },
    {
      "mode": "managed",
      "type": "aws_iam_role_policy",
      "name": "web_app_dbt_clinician_web_amazonSqs",
      "provider": "provider[\"registry.terraform.io/hashicorp/aws\"]",
      "instances": [
        {
          "schema_version": 0,
          "attributes": {
            "id": "web-app-dbt-clinician-web:amazonSqs",
            "name": "amazonSqs",
            "name_prefix": null,
            "policy": "{\"Version\": \"2012-10-17\", \"Statement\": [{\"Action\": [\"sqs:*\"], \"Resource\": [\"arn:aws-us-gov:sqs:us-gov-west-1:*:dbt-dataSqs.fifo\", \"arn:aws-us-gov:sqs:us-gov-west-1:*:dbt-dataSqs.fifo/*\"], \"Effect\": \"Allow\"}]}",
            "role": "web-app-dbt-clinician-web"
          },
          "sensitive_attributes": []
        }
      ]
    },
    {
      "mode": "managed",
      "type": "aws_iam_role_policy",
      "name": "web_app_dbt_form_processor_amazonSqs",
      "provider": "provider[\"registry.terraform.io/hashicorp/aws\"]",
      "instances": [
        {
          "schema_version": 0,
          "attributes": {
            "id": "web-app-dbt-form-processor:amazonSqs",
            "name": "amazonSqs",
            "name_prefix": null,
            "policy": "{\"Version\": \"2012-10-17\", \"Statement\": [{\"Action\": [\"sqs:*\"], \"Resource\": [\"arn:aws-us-gov:sqs:us-gov-west-1:*:identity-tenant-dataSqs\", \"arn:aws-us-gov:sqs:us-gov-west-1:*:identity-tenant-dataSqs/*\", \"arn:aws-us-gov:sqs:us-gov-west-1:*:dbt-dataSqs.fifo\", \"arn:aws-us-gov:sqs:us-gov-west-1:*:dbt-dataSqs.fifo/*\", \"arn:aws-us-gov:sqs:us-gov-west-1:*:dbt-formSubmission\", \"arn:aws-us-gov:sqs:us-gov-west-1:*:dbt-formSubmission/*\"], \"Effect\": \"Allow\"}]}",
            "role": "web-app-dbt-form-processor"
          },
          "sensitive_attributes": []
        }
      ]
    },
    {
      "mode": "managed",
      "type": "aws_iam_role_policy",
      "name": "web_app_dbt_form_processor_awsStepFunction",
      "provider": "provider[\"registry.terraform.io/hashicorp/aws\"]",
      "instances": [
        {
          "schema_version": 0,
          "attributes": {
            "id": "web-app-dbt-form-processor:awsStepFunction",
            "name": "awsStepFunction",
            "name_prefix": null,
            "policy": "{\"Version\": \"2012-10-17\", \"Statement\": [{\"Action\": [\"states:*\"], \"Resource\": [\"arn:aws-us-gov:states:us-gov-west-1:*:activity:addToOnPremiseQueue\", \"arn:aws-us-gov:states:us-gov-west-1:*:activity:addToOnPremiseQueue/*\", \"arn:aws-us-gov:states:us-gov-west-1:*:stateMachine:FormSubmission\", \"arn:aws-us-gov:states:us-gov-west-1:*:stateMachine:FormSubmission/*\"], \"Effect\": \"Allow\"}]}",
            "role": "web-app-dbt-form-processor"
          },
          "sensitive_attributes": []
        }
      ]
    },
    {
      "mode": "managed",
      "type": "aws_iam_role_policy",
      "name": "web_app_domain_model_service_domain_model_dynamodb",
      "provider": "provider[\"registry.terraform.io/hashicorp/aws\"]",
      "instances": [
        {
          "schema_version": 0,
          "attributes": {
            "id": "web-app-domain-model-service:domain-model-dynamodb",
            "name": "domain-model-dynamodb",
            "name_prefix": null,
            "policy": "{\"Version\": \"2012-10-17\", \"Statement\": [{\"Action\": [\"dynamodb:*\"], \"Resource\": [\"arn:aws-us-gov:dynamodb:us-gov-west-1:050779347855:table/learning.DomainModel\"], \"Effect\": \"Allow\"}]}",
            "role": "web-app-domain-model-service"
          },
          "sensitive_attributes": []
        }
      ]
    },
    {
      "mode": "managed",
      "type": "aws_iam_role_policy",
      "name": "web_app_external_app_service_PublishSNS",
      "provider": "provider[\"registry.terraform.io/hashicorp/aws\"]",
      "instances": [
        {
          "schema_version": 0,
          "attributes": {
            "id": "web-app-external-app-service:PublishSNS",
            "name": "PublishSNS",
            "name_prefix": null,
            "policy": "{\"Version\": \"2012-10-17\", \"Statement\": [{\"Action\": [\"sns:Publish\"], \"Resource\": [\"arn:aws-us-gov:sns:us-gov-west-1:050779347855:market-externalApps-ExternalApp\"], \"Effect\": \"Allow\"}]}",
            "role": "web-app-external-app-service"
          },
          "sensitive_attributes": []
        }
      ]
    },
    {
      "mode": "managed",
      "type": "aws_iam_role_policy",
      "name": "web_app_form_service_PublishDocumentationSns",
      "provider": "provider[\"registry.terraform.io/hashicorp/aws\"]",
      "instances": [
        {
          "schema_version": 0,
          "attributes": {
            "id": "web-app-form-service:PublishDocumentationSns",
            "name": "PublishDocumentationSns",
            "name_prefix": null,
            "policy": "{\"Version\": \"2012-10-17\", \"Statement\": [{\"Sid\": \"VisualEditor0\", \"Effect\": \"Allow\", \"Action\": \"sns:Publish\", \"Resource\": \"arn:aws-us-gov:sns:*:050779347855:documentation-*\"}]}",
            "role": "web-app-form-service"
          },
          "sensitive_attributes": []
        }
      ]
    },
    {
      "mode": "managed",
      "type": "aws_iam_role_policy",
      "name": "web_app_form_service_dynamodb_tables",
      "provider": "provider[\"registry.terraform.io/hashicorp/aws\"]",
      "instances": [
        {
          "schema_version": 0,
          "attributes": {
            "id": "web-app-form-service:dynamodb-tables",
            "name": "dynamodb-tables",
            "name_prefix": null,
            "policy": "{\"Version\": \"2012-10-17\", \"Statement\": [{\"Sid\": \"Stmt1441829666000\", \"Effect\": \"Allow\", \"Action\": [\"dynamodb:*\"], \"Resource\": [\"arn:aws-us-gov:dynamodb:us-gov-west-1:050779347855:table/documentation.Form\", \"arn:aws-us-gov:dynamodb:us-gov-west-1:050779347855:table/documentation.Instance\", \"arn:aws-us-gov:dynamodb:us-gov-west-1:050779347855:table/forms.Form\", \"arn:aws-us-gov:dynamodb:us-gov-west-1:050779347855:table/forms.Instance\", \"arn:aws-us-gov:dynamodb:us-gov-west-1:050779347855:table/forms.Instance/index/*\"]}]}",
            "role": "web-app-form-service"
          },
          "sensitive_attributes": []
        }
      ]
    },
    {
      "mode": "managed",
      "type": "aws_iam_role_policy",
      "name": "web_app_identity_service_IdentityServiceUpdateQueueAccess",
      "provider": "provider[\"registry.terraform.io/hashicorp/aws\"]",
      "instances": [
        {
          "schema_version": 0,
          "attributes": {
            "id": "web-app-identity-service:IdentityServiceUpdateQueueAccess",
            "name": "IdentityServiceUpdateQueueAccess",
            "name_prefix": null,
            "policy": "{\"Version\": \"2012-10-17\", \"Statement\": [{\"Sid\": \"VisualEditor0\", \"Effect\": \"Allow\", \"Action\": [\"sqs:DeleteMessage\", \"sqs:GetQueueUrl\", \"sqs:ListDeadLetterSourceQueues\", \"sqs:ChangeMessageVisibility\", \"sqs:PurgeQueue\", \"sqs:ReceiveMessage\", \"sqs:SendMessage\", \"sqs:GetQueueAttributes\", \"sqs:ListQueueTags\"], \"Resource\": [\"arn:aws-us-gov:sqs:us-gov-west-1:050779347855:identity-identityUpdateQueue\", \"arn:aws-us-gov:sqs:us-gov-west-1:050779347855:identity-identityUpdateQueue-DLQ\"]}]}",
            "role": "web-app-identity-service"
          },
          "sensitive_attributes": []
        }
      ]
    },
    {
      "mode": "managed",
      "type": "aws_iam_role_policy",
      "name": "web_app_identity_service_Identity_Service_DynamoDB_RefreshToken",
      "provider": "provider[\"registry.terraform.io/hashicorp/aws\"]",
      "instances": [
        {
          "schema_version": 0,
          "attributes": {
            "id": "web-app-identity-service:Identity-Service-DynamoDB-RefreshToken",
            "name": "Identity-Service-DynamoDB-RefreshToken",
            "name_prefix": null,
            "policy": "{\"Version\": \"2012-10-17\", \"Statement\": [{\"Sid\": \"VisualEditor0\", \"Effect\": \"Allow\", \"Action\": [\"dynamodb:ListContributorInsights\", \"dynamodb:DescribeReservedCapacityOfferings\", \"dynamodb:ListGlobalTables\", \"dynamodb:ListTables\", \"dynamodb:DescribeReservedCapacity\", \"dynamodb:ListBackups\", \"dynamodb:PurchaseReservedCapacityOfferings\", \"dynamodb:DescribeLimits\", \"dynamodb:ListExports\", \"dynamodb:ListStreams\"], \"Resource\": \"*\"}, {\"Sid\": \"VisualEditor1\", \"Effect\": \"Allow\", \"Action\": \"dynamodb:*\", \"Resource\": \"arn:aws-us-gov:dynamodb:us-gov-west-1:050779347855:table/identity.RefreshToken\"}]}",
            "role": "web-app-identity-service"
          },
          "sensitive_attributes": []
        }
      ]
    },
    {
      "mode": "managed",
      "type": "aws_iam_role_policy",
      "name": "web_app_identity_service_identity_service_publish_event",
      "provider": "provider[\"registry.terraform.io/hashicorp/aws\"]",
      "instances": [
        {
          "schema_version": 0,
          "attributes": {
            "id": "web-app-identity-service:identity-service-publish-event",
            "name": "identity-service-publish-event",
            "name_prefix": null,
            "policy": "{\"Version\": \"2012-10-17\", \"Statement\": [{\"Sid\": \"VisualEditor0\", \"Effect\": \"Allow\", \"Action\": \"sns:Publish\", \"Resource\": [\"arn:aws-us-gov:sns:us-gov-west-1:050779347855:identity-sign-in\", \"arn:aws-us-gov:sns:us-gov-west-1:050779347855:identity-tenantIdentityActivation\", \"arn:aws-us-gov:sns:us-gov-west-1:050779347855:identity-emailAddressValidated\"]}]}",
            "role": "web-app-identity-service"
          },
          "sensitive_attributes": []
        }
      ]
    },
    {
      "mode": "managed",
      "type": "aws_iam_role_policy",
      "name": "web_app_identity_service_identity_service_ses_send_email",
      "provider": "provider[\"registry.terraform.io/hashicorp/aws\"]",
      "instances": [
        {
          "schema_version": 0,
          "attributes": {
            "id": "web-app-identity-service:identity-service-ses-send-email",
            "name": "identity-service-ses-send-email",
            "name_prefix": null,
            "policy": "{\"Version\": \"2012-10-17\", \"Statement\": [{\"Sid\": \"VisualEditor0\", \"Effect\": \"Allow\", \"Action\": [\"ses:SendEmail\", \"ses:SendRawEmail\"], \"Resource\": \"*\"}]}",
            "role": "web-app-identity-service"
          },
          "sensitive_attributes": []
        }
      ]
    },
    {
      "mode": "managed",
      "type": "aws_iam_role_policy",
      "name": "web_app_image_reference_service_image_reference_dynamodb",
      "provider": "provider[\"registry.terraform.io/hashicorp/aws\"]",
      "instances": [
        {
          "schema_version": 0,
          "attributes": {
            "id": "web-app-image-reference-service:image-reference-dynamodb",
            "name": "image-reference-dynamodb",
            "name_prefix": null,
            "policy": "{\"Version\": \"2012-10-17\", \"Statement\": [{\"Action\": [\"dynamodb:*\"], \"Resource\": [\"arn:aws-us-gov:dynamodb:us-gov-west-1:050779347855:table/media.ImageReference\"], \"Effect\": \"Allow\"}]}",
            "role": "web-app-image-reference-service"
          },
          "sensitive_attributes": []
        }
      ]
    },
    {
      "mode": "managed",
      "type": "aws_iam_role_policy",
      "name": "web_app_learning_activity_service_ReadActivityInputQueue",
      "provider": "provider[\"registry.terraform.io/hashicorp/aws\"]",
      "instances": [
        {
          "schema_version": 0,
          "attributes": {
            "id": "web-app-learning-activity-service:ReadActivityInputQueue",
            "name": "ReadActivityInputQueue",
            "name_prefix": null,
            "policy": "{\"Version\": \"2012-10-17\", \"Statement\": [{\"Sid\": \"VisualEditor1\", \"Effect\": \"Allow\", \"Action\": \"sqs:*\", \"Resource\": \"arn:aws-us-gov:sqs:us-gov-west-1:050779347855:learning-CreateActivities\"}]}",
            "role": "web-app-learning-activity-service"
          },
          "sensitive_attributes": []
        }
      ]
    },
    {
      "mode": "managed",
      "type": "aws_iam_role_policy",
      "name": "web_app_learning_media_service_s3_learning_media_service",
      "provider": "provider[\"registry.terraform.io/hashicorp/aws\"]",
      "instances": [
        {
          "schema_version": 0,
          "attributes": {
            "id": "web-app-learning-media-service:s3-learning-media-service",
            "name": "s3-learning-media-service",
            "name_prefix": null,
            "policy": "{\"Version\": \"2012-10-17\", \"Statement\": [{\"Effect\": \"Allow\", \"Action\": [\"s3:*\"], \"Resource\": [\"arn:aws-us-gov:s3:::allogy-gov-learning-media/*\", \"arn:aws-us-gov:s3:::allogy-gov-learning-media\", \"arn:aws-us-gov:s3:::allogy-gov-learning-media-distribution/*\", \"arn:aws-us-gov:s3:::allogy-gov-learning-media-distribution\", \"arn:aws-us-gov:s3:::allogy-gov-learning-image/*\", \"arn:aws-us-gov:s3:::allogy-gov-learning-image\", \"arn:aws-us-gov:s3:::allogy-gov-learning-image-distribution/*\", \"arn:aws-us-gov:s3:::allogy-gov-learning-image-distribution\", \"arn:aws-us-gov:s3:::allogy-gov-learning-pdf/*\", \"arn:aws-us-gov:s3:::allogy-gov-learning-pdf\", \"arn:aws-us-gov:s3:::allogy-gov-learning-icon/*\", \"arn:aws-us-gov:s3:::allogy-gov-learning-icon\", \"arn:aws-us-gov:s3:::allogy-gov-learning-icon-distribution/*\", \"arn:aws-us-gov:s3:::allogy-gov-learning-icon-distribution\"]}]}",
            "role": "web-app-learning-media-service"
          },
          "sensitive_attributes": []
        }
      ]
    },
    {
      "mode": "managed",
      "type": "aws_iam_role_policy",
      "name": "web_app_market_publisher_task_MarketPublicationActivityAccess",
      "provider": "provider[\"registry.terraform.io/hashicorp/aws\"]",
      "instances": [
        {
          "schema_version": 0,
          "attributes": {
            "id": "web-app-market-publisher-task:MarketPublicationActivityAccess",
            "name": "MarketPublicationActivityAccess",
            "name_prefix": null,
            "policy": "{\"Version\": \"2012-10-17\", \"Statement\": [{\"Action\": [\"states:GetActivityTask\", \"states:SendTaskFailure\", \"states:SendTaskHeartbeat\", \"states:SendTaskSuccess\"], \"Resource\": [\"arn:aws-us-gov:states:us-gov-west-1:050779347855:activity:publishToMarketService\"], \"Effect\": \"Allow\"}]}",
            "role": "web-app-market-publisher-task"
          },
          "sensitive_attributes": []
        }
      ]
    },
    {
      "mode": "managed",
      "type": "aws_iam_role_policy",
      "name": "web_app_market_search_service_market_search_sqs_full_access_search_queues",
      "provider": "provider[\"registry.terraform.io/hashicorp/aws\"]",
      "instances": [
        {
          "schema_version": 0,
          "attributes": {
            "id": "web-app-market-search-service:market-search-sqs-full-access-search-queues",
            "name": "market-search-sqs-full-access-search-queues",
            "name_prefix": null,
            "policy": "{\"Version\": \"2012-10-17\", \"Statement\": [{\"Action\": [\"sqs:*\"], \"Resource\": [\"arn:aws-us-gov:sqs:us-gov-west-1:050779347855:market-marketSearchContentUpdateQueue\", \"arn:aws-us-gov:sqs:us-gov-west-1:050779347855:market-marketSearchContentOrganizationQueue\"], \"Effect\": \"Allow\"}]}",
            "role": "web-app-market-search-service"
          },
          "sensitive_attributes": []
        }
      ]
    },
    {
      "mode": "managed",
      "type": "aws_iam_role_policy",
      "name": "web_app_market_service_market_search_sqs_access_search_queues",
      "provider": "provider[\"registry.terraform.io/hashicorp/aws\"]",
      "instances": [
        {
          "schema_version": 0,
          "attributes": {
            "id": "web-app-market-service:market-search-sqs-access-search-queues",
            "name": "market-search-sqs-access-search-queues",
            "name_prefix": null,
            "policy": "{\"Version\": \"2012-10-17\", \"Statement\": [{\"Sid\": \"VisualEditor0\", \"Effect\": \"Allow\", \"Action\": \"sqs:*\", \"Resource\": \"arn:aws-us-gov:sqs:us-gov-west-1:050779347855:market-marketSearchContentUpdateQueue\"}]}",
            "role": "web-app-market-service"
          },
          "sensitive_attributes": []
        }
      ]
    },
    {
      "mode": "managed",
      "type": "aws_iam_role_policy",
      "name": "web_app_market_service_market_service_s3_bucket_access",
      "provider": "provider[\"registry.terraform.io/hashicorp/aws\"]",
      "instances": [
        {
          "schema_version": 0,
          "attributes": {
            "id": "web-app-market-service:market-service-s3-bucket-access",
            "name": "market-service-s3-bucket-access",
            "name_prefix": null,
            "policy": "{\"Version\": \"2012-10-17\", \"Statement\": [{\"Action\": \"s3:*\", \"Resource\": \"arn:aws-us-gov:s3:::allogy-gov-market-service/*\", \"Effect\": \"Allow\"}]}",
            "role": "web-app-market-service"
          },
          "sensitive_attributes": []
        }
      ]
    },
    {
      "mode": "managed",
      "type": "aws_iam_role_policy",
      "name": "web_app_market_service_market_service_sns_topics",
      "provider": "provider[\"registry.terraform.io/hashicorp/aws\"]",
      "instances": [
        {
          "schema_version": 0,
          "attributes": {
            "id": "web-app-market-service:market-service-sns-topics",
            "name": "market-service-sns-topics",
            "name_prefix": null,
            "policy": "{\"Version\": \"2012-10-17\", \"Statement\": [{\"Sid\": \"VisualEditor0\", \"Effect\": \"Allow\", \"Action\": \"sns:Publish\", \"Resource\": [\"arn:aws-us-gov:sns:us-gov-west-1:050779347855:market-contentUpdated\", \"arn:aws-us-gov:sns:us-gov-west-1:050779347855:market-contentCreated\", \"arn:aws-us-gov:sns:us-gov-west-1:050779347855:market-contentAddedToMarket\", \"arn:aws-us-gov:sns:us-gov-west-1:050779347855:market-contentRemovedFromMarket\", \"arn:aws-us-gov:sns:us-gov-west-1:050779347855:market-contentMetadataUpdated\"]}]}",
            "role": "web-app-market-service"
          },
          "sensitive_attributes": []
        }
      ]
    },
    {
      "mode": "managed",
      "type": "aws_iam_role_policy",
      "name": "web_app_market_subscription_service_market_subscription_sqs_queues",
      "provider": "provider[\"registry.terraform.io/hashicorp/aws\"]",
      "instances": [
        {
          "schema_version": 0,
          "attributes": {
            "id": "web-app-market-subscription-service:market-subscription-sqs-queues",
            "name": "market-subscription-sqs-queues",
            "name_prefix": null,
            "policy": "{\"Version\": \"2012-10-17\", \"Statement\": [{\"Action\": \"sqs:*\", \"Resource\": [\"arn:aws-us-gov:sqs:us-gov-west-1:050779347855:market-marketSubscriptionQueue\", \"arn:aws-us-gov:sqs:us-gov-west-1:050779347855:market-contentNotificationQueue\", \"arn:aws-us-gov:sqs:us-gov-west-1:050779347855:market-marketSubscriptionContentOrganizationQueue\", \"arn:aws-us-gov:sqs:us-gov-west-1:050779347855:market-marketSubscriptionTenantIdentityActivationQueue\", \"arn:aws-us-gov:sqs:us-gov-west-1:050779347855:market-marketSubscriptionInternalQueue.fifo\"], \"Effect\": \"Allow\"}]}",
            "role": "web-app-market-subscription-service"
          },
          "sensitive_attributes": []
        }
      ]
    },
    {
      "mode": "managed",
      "type": "aws_iam_role_policy",
      "name": "web_app_market_subscription_service_write_to_sendNotification_queue",
      "provider": "provider[\"registry.terraform.io/hashicorp/aws\"]",
      "instances": [
        {
          "schema_version": 0,
          "attributes": {
            "id": "web-app-market-subscription-service:write-to-sendNotification-queue",
            "name": "write-to-sendNotification-queue",
            "name_prefix": null,
            "policy": "{\"Version\": \"2012-10-17\", \"Statement\": [{\"Action\": [\"sqs:SendMessage\", \"sqs:SendMessageBatch\"], \"Resource\": [\"arn:aws-us-gov:sqs:us-gov-west-1:050779347855:notification-sendNotification.fifo\"], \"Effect\": \"Allow\"}]}",
            "role": "web-app-market-subscription-service"
          },
          "sensitive_attributes": []
        }
      ]
    },
    {
      "mode": "managed",
      "type": "aws_iam_role_policy",
      "name": "web_app_media_asset_service_PublishSNS",
      "provider": "provider[\"registry.terraform.io/hashicorp/aws\"]",
      "instances": [
        {
          "schema_version": 0,
          "attributes": {
            "id": "web-app-media-asset-service:PublishSNS",
            "name": "PublishSNS",
            "name_prefix": null,
            "policy": "{\"Version\": \"2012-10-17\", \"Statement\": [{\"Action\": [\"sns:Publish\"], \"Resource\": [\"arn:aws-us-gov:sns:us-gov-west-1:050779347855:learning-mediaAssetModified\"], \"Effect\": \"Allow\"}]}",
            "role": "web-app-media-asset-service"
          },
          "sensitive_attributes": []
        }
      ]
    },
    {
      "mode": "managed",
      "type": "aws_iam_role_policy",
      "name": "web_app_military_user_validator_FullAccessToInternalQueue",
      "provider": "provider[\"registry.terraform.io/hashicorp/aws\"]",
      "instances": [
        {
          "schema_version": 0,
          "attributes": {
            "id": "web-app-military-user-validator:FullAccessToInternalQueue",
            "name": "FullAccessToInternalQueue",
            "name_prefix": null,
            "policy": "{\"Version\": \"2012-10-17\", \"Statement\": [{\"Action\": [\"sqs:*\"], \"Resource\": \"arn:aws-us-gov:sqs:us-gov-west-1:050779347855:lstt-militaryValidatorQueue\", \"Effect\": \"Allow\"}]}",
            "role": "web-app-military-user-validator"
          },
          "sensitive_attributes": []
        }
      ]
    },
    {
      "mode": "managed",
      "type": "aws_iam_role_policy",
      "name": "web_app_military_user_validator_WriteToSendNotificationQueue",
      "provider": "provider[\"registry.terraform.io/hashicorp/aws\"]",
      "instances": [
        {
          "schema_version": 0,
          "attributes": {
            "id": "web-app-military-user-validator:WriteToSendNotificationQueue",
            "name": "WriteToSendNotificationQueue",
            "name_prefix": null,
            "policy": "{\"Version\": \"2012-10-17\", \"Statement\": [{\"Action\": [\"sqs:SendMessage\", \"sqs:SendMessageBatch\"], \"Resource\": [\"arn:aws-us-gov:sqs:us-gov-west-1:*:notification-sendNotification.fifo\"], \"Effect\": \"Allow\"}]}",
            "role": "web-app-military-user-validator"
          },
          "sensitive_attributes": []
        }
      ]
    },
    {
      "mode": "managed",
      "type": "aws_iam_role_policy",
      "name": "web_app_notification_service_allogy_production_sns_notification_full_access",
      "provider": "provider[\"registry.terraform.io/hashicorp/aws\"]",
      "instances": [
        {
          "schema_version": 0,
          "attributes": {
            "id": "web-app-notification-service:allogy-production-sns-notification-full-access",
            "name": "allogy-production-sns-notification-full-access",
            "name_prefix": null,
            "policy": "{\"Version\": \"2012-10-17\", \"Statement\": [{\"Action\": \"sns:*\", \"Resource\": \"arn:aws-us-gov:sns:us-gov-west-1:050779347855:notification-*\", \"Effect\": \"Allow\"}]}",
            "role": "web-app-notification-service"
          },
          "sensitive_attributes": []
        }
      ]
    },
    {
      "mode": "managed",
      "type": "aws_iam_role_policy",
      "name": "web_app_notification_service_dynamodb_notification_tables",
      "provider": "provider[\"registry.terraform.io/hashicorp/aws\"]",
      "instances": [
        {
          "schema_version": 0,
          "attributes": {
            "id": "web-app-notification-service:dynamodb-notification-tables",
            "name": "dynamodb-notification-tables",
            "name_prefix": null,
            "policy": "{\"Version\": \"2012-10-17\", \"Statement\": [{\"Sid\": \"VisualEditor0\", \"Effect\": \"Allow\", \"Action\": \"dynamodb:*\", \"Resource\": \"arn:aws-us-gov:dynamodb:us-gov-west-1:050779347855:table/notification.*\"}]}",
            "role": "web-app-notification-service"
          },
          "sensitive_attributes": []
        }
      ]
    },
    {
      "mode": "managed",
      "type": "aws_iam_role_policy",
      "name": "web_app_notification_service_sns_notification_access",
      "provider": "provider[\"registry.terraform.io/hashicorp/aws\"]",
      "instances": [
        {
          "schema_version": 0,
          "attributes": {
            "id": "web-app-notification-service:sns-notification-access",
            "name": "sns-notification-access",
            "name_prefix": null,
            "policy": "{\"Version\": \"2012-10-17\", \"Statement\": [{\"Sid\": \"VisualEditor0\", \"Effect\": \"Allow\", \"Action\": \"sns:CreatePlatformEndpoint\", \"Resource\": \"*\"}]}",
            "role": "web-app-notification-service"
          },
          "sensitive_attributes": []
        }
      ]
    },
    {
      "mode": "managed",
      "type": "aws_iam_role_policy",
      "name": "web_app_notification_service_sqs_queues_full_access",
      "provider": "provider[\"registry.terraform.io/hashicorp/aws\"]",
      "instances": [
        {
          "schema_version": 0,
          "attributes": {
            "id": "web-app-notification-service:sqs-queues-full-access",
            "name": "sqs-queues-full-access",
            "name_prefix": null,
            "policy": "{\"Version\": \"2012-10-17\", \"Statement\": [{\"Action\": \"sqs:*\", \"Resource\": [\"arn:aws-us-gov:sqs:us-gov-west-1:050779347855:notification-backgroundProcessing.fifo\", \"arn:aws-us-gov:sqs:us-gov-west-1:050779347855:notification-sendNotification.fifo\"], \"Effect\": \"Allow\"}]}",
            "role": "web-app-notification-service"
          },
          "sensitive_attributes": []
        }
      ]
    },
    {
      "mode": "managed",
      "type": "aws_iam_role_policy",
      "name": "web_app_performance_assessment_service_PublishSNS",
      "provider": "provider[\"registry.terraform.io/hashicorp/aws\"]",
      "instances": [
        {
          "schema_version": 0,
          "attributes": {
            "id": "web-app-performance-assessment-service:PublishSNS",
            "name": "PublishSNS",
            "name_prefix": null,
            "policy": "{\"Version\": \"2012-10-17\", \"Statement\": [{\"Action\": [\"sns:Publish\"], \"Resource\": [\"arn:aws-us-gov:sns:us-gov-west-1:050779347855:learning-performanceAssessments-evaluationContainer\", \"arn:aws-us-gov:sns:us-gov-west-1:050779347855:learning-performanceAssessments-evaluationContainerAttempt\"], \"Effect\": \"Allow\"}]}",
            "role": "web-app-performance-assessment-service"
          },
          "sensitive_attributes": []
        }
      ]
    },
    {
      "mode": "managed",
      "type": "aws_iam_role_policy",
      "name": "web_app_simple_email_manager_mail_manager_ses_notifications",
      "provider": "provider[\"registry.terraform.io/hashicorp/aws\"]",
      "instances": [
        {
          "schema_version": 0,
          "attributes": {
            "id": "web-app-simple-email-manager:mail-manager-ses-notifications",
            "name": "mail-manager-ses-notifications",
            "name_prefix": null,
            "policy": "{\"Version\": \"2012-10-17\", \"Statement\": [{\"Action\": [\"sqs:*\"], \"Resource\": [\"arn:aws-us-gov:sqs:us-gov-west-1:050779347855:mail-manager-ses-notifications\"], \"Effect\": \"Allow\", \"Sid\": \"Stmt1497974101000\"}]}",
            "role": "web-app-simple-email-manager"
          },
          "sensitive_attributes": []
        }
      ]
    },
    {
      "mode": "managed",
      "type": "aws_iam_role_policy",
      "name": "web_app_simple_email_manager_send_emails_ses",
      "provider": "provider[\"registry.terraform.io/hashicorp/aws\"]",
      "instances": [
        {
          "schema_version": 0,
          "attributes": {
            "id": "web-app-simple-email-manager:send-emails-ses",
            "name": "send-emails-ses",
            "name_prefix": null,
            "policy": "{\"Version\": \"2012-10-17\", \"Statement\": {\"Action\": [\"ses:SendEmail\", \"ses:SendRawEmail\"], \"Resource\": \"*\", \"Effect\": \"Allow\", \"Sid\": \"Stmt1497652826000\"}}",
            "role": "web-app-simple-email-manager"
          },
          "sensitive_attributes": []
        }
      ]
    },
    {
      "mode": "managed",
      "type": "aws_iam_role_policy",
      "name": "web_app_single_step_service_step_functions",
      "provider": "provider[\"registry.terraform.io/hashicorp/aws\"]",
      "instances": [
        {
          "schema_version": 0,
          "attributes": {
            "id": "web-app-single-step-service:step-functions",
            "name": "step-functions",
            "name_prefix": null,
            "policy": "{\"Version\": \"2012-10-17\", \"Statement\": [{\"Action\": [\"states:DescribeExecution\", \"states:StartExecution\"], \"Resource\": \"*\", \"Effect\": \"Allow\"}]}",
            "role": "web-app-single-step-service"
          },
          "sensitive_attributes": []
        }
      ]
    },
    {
      "mode": "managed",
      "type": "aws_iam_role_policy",
      "name": "web_app_survey_form_service_PublishSNS",
      "provider": "provider[\"registry.terraform.io/hashicorp/aws\"]",
      "instances": [
        {
          "schema_version": 0,
          "attributes": {
            "id": "web-app-survey-form-service:PublishSNS",
            "name": "PublishSNS",
            "name_prefix": null,
            "policy": "{\"Version\": \"2012-10-17\", \"Statement\": [{\"Action\": [\"sns:Publish\"], \"Resource\": [\"arn:aws-us-gov:sns:us-gov-west-1:050779347855:documentation-surveyForm-CourseSurveyUpdate\"], \"Effect\": \"Allow\"}]}",
            "role": "web-app-survey-form-service"
          },
          "sensitive_attributes": []
        }
      ]
    },
    {
      "mode": "managed",
      "type": "aws_iam_role_policy",
      "name": "web_app_team_service_PublishSNS",
      "provider": "provider[\"registry.terraform.io/hashicorp/aws\"]",
      "instances": [
        {
          "schema_version": 0,
          "attributes": {
            "id": "web-app-team-service:PublishSNS",
            "name": "PublishSNS",
            "name_prefix": null,
            "policy": "{\"Version\": \"2012-10-17\", \"Statement\": [{\"Action\": [\"sns:Publish\"], \"Resource\": [\"arn:aws-us-gov:sns:us-gov-west-1:050779347855:identity-teams-teamMembershipCreated\", \"arn:aws-us-gov:sns:us-gov-west-1:050779347855:identity-teams-TeamMembershipUpdated\"], \"Effect\": \"Allow\"}]}",
            "role": "web-app-team-service"
          },
          "sensitive_attributes": []
        }
      ]
    },
    {
      "mode": "managed",
      "type": "aws_iam_role_policy",
      "name": "web_app_tenant_configuration_service_tenant_configuration_s3_access",
      "provider": "provider[\"registry.terraform.io/hashicorp/aws\"]",
      "instances": [
        {
          "schema_version": 0,
          "attributes": {
            "id": "web-app-tenant-configuration-service:tenant-configuration-s3-access",
            "name": "tenant-configuration-s3-access",
            "name_prefix": null,
            "policy": "{\"Version\": \"2012-10-17\", \"Statement\": [{\"Action\": [\"s3:GetObject\", \"s3:PutObject\"], \"Resource\": \"arn:aws-us-gov:s3:::allogy-gov-tenant-configurations/*\", \"Effect\": \"Allow\"}]}",
            "role": "web-app-tenant-configuration-service"
          },
          "sensitive_attributes": []
        }
      ]
    },
    {
      "mode": "managed",
      "type": "aws_iam_role_policy",
      "name": "web_app_xapi_service_xApiEventQueue",
      "provider": "provider[\"registry.terraform.io/hashicorp/aws\"]",
      "instances": [
        {
          "schema_version": 0,
          "attributes": {
            "id": "web-app-xapi-service:xApiEventQueue",
            "name": "xApiEventQueue",
            "name_prefix": null,
            "policy": "{\"Version\": \"2012-10-17\", \"Statement\": [{\"Action\": [\"sqs:Get*\", \"sqs:*Message*\"], \"Resource\": \"arn:aws-us-gov:sqs:us-gov-west-1:050779347855:learning-xApiServiceEventQueue\", \"Effect\": \"Allow\"}]}",
            "role": "web-app-xapi-service"
          },
          "sensitive_attributes": []
        }
      ]
    },
    {
      "mode": "managed",
      "type": "aws_iam_role_policy_attachment",
      "name": "AWSGlueServiceRole_CrawlerGOVCloud_policy_service_role_AWSGlueServiceRole",
      "provider": "provider[\"registry.terraform.io/hashicorp/aws\"]",
      "instances": [
        {
          "schema_version": 0,
          "attributes": {
            "id": "AWSGlueServiceRole-CrawlerGOVCloud/arn:aws-us-gov:iam::aws:policy/service-role/AWSGlueServiceRole",
            "policy_arn": "arn:aws-us-gov:iam::aws:policy/service-role/AWSGlueServiceRole",
            "role": "AWSGlueServiceRole-CrawlerGOVCloud"
          },
          "sensitive_attributes": []
        }
      ]
    },
    {
      "mode": "managed",
      "type": "aws_iam_role_policy_attachment",
      "name": "AWSGlueServiceRole_CrawlerGOVCloud_policy_service_role_AWSGlueServiceRole_CrawlerGOVCloud",
      "provider": "provider[\"registry.terraform.io/hashicorp/aws\"]",
      "instances": [
        {
          "schema_version": 0,
          "attributes": {
            "id": "AWSGlueServiceRole-CrawlerGOVCloud/arn:aws-us-gov:iam::050779347855:policy/service-role/AWSGlueServiceRole-CrawlerGOVCloud",
            "policy_arn": "arn:aws-us-gov:iam::050779347855:policy/service-role/AWSGlueServiceRole-CrawlerGOVCloud",
            "role": "AWSGlueServiceRole-CrawlerGOVCloud"
          },
          "sensitive_attributes": []
        }
      ]
    },
    {
      "mode": "managed",
      "type": "aws_iam_role_policy_attachment",
      "name": "AWSReservedSSO_AdministratorAccess_ba963073b9e50b41_policy_AdministratorAccess",
      "provider": "provider[\"registry.terraform.io/hashicorp/aws\"]",
      "instances": [
        {
          "schema_version": 0,
          "attributes": {
            "id": "AWSReservedSSO_AdministratorAccess_ba963073b9e50b41/arn:aws-us-gov:iam::aws:policy/AdministratorAccess",
            "policy_arn": "arn:aws-us-gov:iam::aws:policy/AdministratorAccess",
            "role": "AWSReservedSSO_AdministratorAccess_ba963073b9e50b41"
          },
          "sensitive_attributes": []
        }
      ]
    },
    {
      "mode": "managed",
      "type": "aws_iam_role_policy_attachment",
      "name": "AWSReservedSSO_DevOpsConsultant_e1d91335052207a3_policy_AWSCloudMapReadOnlyAccess",
      "provider": "provider[\"registry.terraform.io/hashicorp/aws\"]",
      "instances": [
        {
          "schema_version": 0,
          "attributes": {
            "id": "AWSReservedSSO_DevOpsConsultant_e1d91335052207a3/arn:aws-us-gov:iam::aws:policy/AWSCloudMapReadOnlyAccess",
            "policy_arn": "arn:aws-us-gov:iam::aws:policy/AWSCloudMapReadOnlyAccess",
            "role": "AWSReservedSSO_DevOpsConsultant_e1d91335052207a3"
          },
          "sensitive_attributes": []
        }
      ]
    },
    {
      "mode": "managed",
      "type": "aws_iam_role_policy_attachment",
      "name": "AWSReservedSSO_DevOpsConsultant_e1d91335052207a3_policy_ReadOnlyAccess",
      "provider": "provider[\"registry.terraform.io/hashicorp/aws\"]",
      "instances": [
        {
          "schema_version": 0,
          "attributes": {
            "id": "AWSReservedSSO_DevOpsConsultant_e1d91335052207a3/arn:aws-us-gov:iam::aws:policy/ReadOnlyAccess",
            "policy_arn": "arn:aws-us-gov:iam::aws:policy/ReadOnlyAccess",
            "role": "AWSReservedSSO_DevOpsConsultant_e1d91335052207a3"
          },
          "sensitive_attributes": []
        }
      ]
    },
    {
      "mode": "managed",
      "type": "aws_iam_role_policy_attachment",
      "name": "AWSReservedSSO_DevOpsConsultant_e1d91335052207a3_policy_SecurityAudit",
      "provider": "provider[\"registry.terraform.io/hashicorp/aws\"]",
      "instances": [
        {
          "schema_version": 0,
          "attributes": {
            "id": "AWSReservedSSO_DevOpsConsultant_e1d91335052207a3/arn:aws-us-gov:iam::aws:policy/SecurityAudit",
            "policy_arn": "arn:aws-us-gov:iam::aws:policy/SecurityAudit",
            "role": "AWSReservedSSO_DevOpsConsultant_e1d91335052207a3"
          },
          "sensitive_attributes": []
        }
      ]
    },
    {
      "mode": "managed",
      "type": "aws_iam_role_policy_attachment",
      "name": "AWSReservedSSO_DevOpsConsultant_e1d91335052207a3_policy_job_function_ViewOnlyAccess",
      "provider": "provider[\"registry.terraform.io/hashicorp/aws\"]",
      "instances": [
        {
          "schema_version": 0,
          "attributes": {
            "id": "AWSReservedSSO_DevOpsConsultant_e1d91335052207a3/arn:aws-us-gov:iam::aws:policy/job-function/ViewOnlyAccess",
            "policy_arn": "arn:aws-us-gov:iam::aws:policy/job-function/ViewOnlyAccess",
            "role": "AWSReservedSSO_DevOpsConsultant_e1d91335052207a3"
          },
          "sensitive_attributes": []
        }
      ]
    },
    {
      "mode": "managed",
      "type": "aws_iam_role_policy_attachment",
      "name": "AWSReservedSSO_PowerUser_4840ab8c0aa8c0f7_policy_PowerUserAccess",
      "provider": "provider[\"registry.terraform.io/hashicorp/aws\"]",
      "instances": [
        {
          "schema_version": 0,
          "attributes": {
            "id": "AWSReservedSSO_PowerUser_4840ab8c0aa8c0f7/arn:aws-us-gov:iam::aws:policy/PowerUserAccess",
            "policy_arn": "arn:aws-us-gov:iam::aws:policy/PowerUserAccess",
            "role": "AWSReservedSSO_PowerUser_4840ab8c0aa8c0f7"
          },
          "sensitive_attributes": []
        }
      ]
    },
    {
      "mode": "managed",
      "type": "aws_iam_role_policy_attachment",
      "name": "AWSReservedSSO_PowerUser_4840ab8c0aa8c0f7_policy_job_function_ViewOnlyAccess",
      "provider": "provider[\"registry.terraform.io/hashicorp/aws\"]",
      "instances": [
        {
          "schema_version": 0,
          "attributes": {
            "id": "AWSReservedSSO_PowerUser_4840ab8c0aa8c0f7/arn:aws-us-gov:iam::aws:policy/job-function/ViewOnlyAccess",
            "policy_arn": "arn:aws-us-gov:iam::aws:policy/job-function/ViewOnlyAccess",
            "role": "AWSReservedSSO_PowerUser_4840ab8c0aa8c0f7"
          },
          "sensitive_attributes": []
        }
      ]
    },
    {
      "mode": "managed",
      "type": "aws_iam_role_policy_attachment",
      "name": "AWSReservedSSO_SecurityAuditor_e2e2445e379226e2_policy_SecurityAudit",
      "provider": "provider[\"registry.terraform.io/hashicorp/aws\"]",
      "instances": [
        {
          "schema_version": 0,
          "attributes": {
            "id": "AWSReservedSSO_SecurityAuditor_e2e2445e379226e2/arn:aws-us-gov:iam::aws:policy/SecurityAudit",
            "policy_arn": "arn:aws-us-gov:iam::aws:policy/SecurityAudit",
            "role": "AWSReservedSSO_SecurityAuditor_e2e2445e379226e2"
          },
          "sensitive_attributes": []
        }
      ]
    },
    {
      "mode": "managed",
      "type": "aws_iam_role_policy_attachment",
      "name": "AWSReservedSSO_SecurityAuditor_e2e2445e379226e2_policy_job_function_ViewOnlyAccess",
      "provider": "provider[\"registry.terraform.io/hashicorp/aws\"]",
      "instances": [
        {
          "schema_version": 0,
          "attributes": {
            "id": "AWSReservedSSO_SecurityAuditor_e2e2445e379226e2/arn:aws-us-gov:iam::aws:policy/job-function/ViewOnlyAccess",
            "policy_arn": "arn:aws-us-gov:iam::aws:policy/job-function/ViewOnlyAccess",
            "role": "AWSReservedSSO_SecurityAuditor_e2e2445e379226e2"
          },
          "sensitive_attributes": []
        }
      ]
    },
    {
      "mode": "managed",
      "type": "aws_iam_role_policy_attachment",
      "name": "AWSReservedSSO_ServerDeveloper_bb91c899fbe6b7a6_policy_AWSSupportAccess",
      "provider": "provider[\"registry.terraform.io/hashicorp/aws\"]",
      "instances": [
        {
          "schema_version": 0,
          "attributes": {
            "id": "AWSReservedSSO_ServerDeveloper_bb91c899fbe6b7a6/arn:aws-us-gov:iam::aws:policy/AWSSupportAccess",
            "policy_arn": "arn:aws-us-gov:iam::aws:policy/AWSSupportAccess",
            "role": "AWSReservedSSO_ServerDeveloper_bb91c899fbe6b7a6"
          },
          "sensitive_attributes": []
        }
      ]
    },
    {
      "mode": "managed",
      "type": "aws_iam_role_policy_attachment",
      "name": "AWSReservedSSO_ServerDeveloper_bb91c899fbe6b7a6_policy_CloudWatchLogsReadOnlyAccess",
      "provider": "provider[\"registry.terraform.io/hashicorp/aws\"]",
      "instances": [
        {
          "schema_version": 0,
          "attributes": {
            "id": "AWSReservedSSO_ServerDeveloper_bb91c899fbe6b7a6/arn:aws-us-gov:iam::aws:policy/CloudWatchLogsReadOnlyAccess",
            "policy_arn": "arn:aws-us-gov:iam::aws:policy/CloudWatchLogsReadOnlyAccess",
            "role": "AWSReservedSSO_ServerDeveloper_bb91c899fbe6b7a6"
          },
          "sensitive_attributes": []
        }
      ]
    },
    {
      "mode": "managed",
      "type": "aws_iam_role_policy_attachment",
      "name": "AWSReservedSSO_ServerDeveloper_bb91c899fbe6b7a6_policy_ReadOnlyAccess",
      "provider": "provider[\"registry.terraform.io/hashicorp/aws\"]",
      "instances": [
        {
          "schema_version": 0,
          "attributes": {
            "id": "AWSReservedSSO_ServerDeveloper_bb91c899fbe6b7a6/arn:aws-us-gov:iam::aws:policy/ReadOnlyAccess",
            "policy_arn": "arn:aws-us-gov:iam::aws:policy/ReadOnlyAccess",
            "role": "AWSReservedSSO_ServerDeveloper_bb91c899fbe6b7a6"
          },
          "sensitive_attributes": []
        }
      ]
    },
    {
      "mode": "managed",
      "type": "aws_iam_role_policy_attachment",
      "name": "AWSReservedSSO_ServerDeveloper_bb91c899fbe6b7a6_policy_job_function_ViewOnlyAccess",
      "provider": "provider[\"registry.terraform.io/hashicorp/aws\"]",
      "instances": [
        {
          "schema_version": 0,
          "attributes": {
            "id": "AWSReservedSSO_ServerDeveloper_bb91c899fbe6b7a6/arn:aws-us-gov:iam::aws:policy/job-function/ViewOnlyAccess",
            "policy_arn": "arn:aws-us-gov:iam::aws:policy/job-function/ViewOnlyAccess",
            "role": "AWSReservedSSO_ServerDeveloper_bb91c899fbe6b7a6"
          },
          "sensitive_attributes": []
        }
      ]
    },
    {
      "mode": "managed",
      "type": "aws_iam_role_policy_attachment",
      "name": "AWSReservedSSO_SystemAdministrator_62d762355983f553_policy_job_function_SystemAdministrator",
      "provider": "provider[\"registry.terraform.io/hashicorp/aws\"]",
      "instances": [
        {
          "schema_version": 0,
          "attributes": {
            "id": "AWSReservedSSO_SystemAdministrator_62d762355983f553/arn:aws-us-gov:iam::aws:policy/job-function/SystemAdministrator",
            "policy_arn": "arn:aws-us-gov:iam::aws:policy/job-function/SystemAdministrator",
            "role": "AWSReservedSSO_SystemAdministrator_62d762355983f553"
          },
          "sensitive_attributes": []
        }
      ]
    },
    {
      "mode": "managed",
      "type": "aws_iam_role_policy_attachment",
      "name": "AWSServiceRoleForAPIGateway_policy_aws_service_role_APIGatewayServiceRolePolicy",
      "provider": "provider[\"registry.terraform.io/hashicorp/aws\"]",
      "instances": [
        {
          "schema_version": 0,
          "attributes": {
            "id": "AWSServiceRoleForAPIGateway/arn:aws-us-gov:iam::aws:policy/aws-service-role/APIGatewayServiceRolePolicy",
            "policy_arn": "arn:aws-us-gov:iam::aws:policy/aws-service-role/APIGatewayServiceRolePolicy",
            "role": "AWSServiceRoleForAPIGateway"
          },
          "sensitive_attributes": []
        }
      ]
    },
    {
      "mode": "managed",
      "type": "aws_iam_role_policy_attachment",
      "name": "AWSServiceRoleForAmazonElasticsearchService_policy_aws_service_role_AmazonElasticsearchServiceRolePolicy",
      "provider": "provider[\"registry.terraform.io/hashicorp/aws\"]",
      "instances": [
        {
          "schema_version": 0,
          "attributes": {
            "id": "AWSServiceRoleForAmazonElasticsearchService/arn:aws-us-gov:iam::aws:policy/aws-service-role/AmazonElasticsearchServiceRolePolicy",
            "policy_arn": "arn:aws-us-gov:iam::aws:policy/aws-service-role/AmazonElasticsearchServiceRolePolicy",
            "role": "AWSServiceRoleForAmazonElasticsearchService"
          },
          "sensitive_attributes": []
        }
      ]
    },
    {
      "mode": "managed",
      "type": "aws_iam_role_policy_attachment",
      "name": "AWSServiceRoleForAmazonGuardDuty_policy_aws_service_role_AmazonGuardDutyServiceRolePolicy",
      "provider": "provider[\"registry.terraform.io/hashicorp/aws\"]",
      "instances": [
        {
          "schema_version": 0,
          "attributes": {
            "id": "AWSServiceRoleForAmazonGuardDuty/arn:aws-us-gov:iam::aws:policy/aws-service-role/AmazonGuardDutyServiceRolePolicy",
            "policy_arn": "arn:aws-us-gov:iam::aws:policy/aws-service-role/AmazonGuardDutyServiceRolePolicy",
            "role": "AWSServiceRoleForAmazonGuardDuty"
          },
          "sensitive_attributes": []
        }
      ]
    },
    {
      "mode": "managed",
      "type": "aws_iam_role_policy_attachment",
      "name": "AWSServiceRoleForAmazonSSM_policy_aws_service_role_AmazonSSMServiceRolePolicy",
      "provider": "provider[\"registry.terraform.io/hashicorp/aws\"]",
      "instances": [
        {
          "schema_version": 0,
          "attributes": {
            "id": "AWSServiceRoleForAmazonSSM/arn:aws-us-gov:iam::aws:policy/aws-service-role/AmazonSSMServiceRolePolicy",
            "policy_arn": "arn:aws-us-gov:iam::aws:policy/aws-service-role/AmazonSSMServiceRolePolicy",
            "role": "AWSServiceRoleForAmazonSSM"
          },
          "sensitive_attributes": []
        }
      ]
    },
    {
      "mode": "managed",
      "type": "aws_iam_role_policy_attachment",
      "name": "AWSServiceRoleForApplicationAutoScaling_DynamoDBTable_policy_aws_service_role_AWSApplicationAutoscalingDynamoDBTablePolicy",
      "provider": "provider[\"registry.terraform.io/hashicorp/aws\"]",
      "instances": [
        {
          "schema_version": 0,
          "attributes": {
            "id": "AWSServiceRoleForApplicationAutoScaling_DynamoDBTable/arn:aws-us-gov:iam::aws:policy/aws-service-role/AWSApplicationAutoscalingDynamoDBTablePolicy",
            "policy_arn": "arn:aws-us-gov:iam::aws:policy/aws-service-role/AWSApplicationAutoscalingDynamoDBTablePolicy",
            "role": "AWSServiceRoleForApplicationAutoScaling_DynamoDBTable"
          },
          "sensitive_attributes": []
        }
      ]
    },
    {
      "mode": "managed",
      "type": "aws_iam_role_policy_attachment",
      "name": "AWSServiceRoleForApplicationAutoScaling_ECSService_policy_aws_service_role_AWSApplicationAutoscalingECSServicePolicy",
      "provider": "provider[\"registry.terraform.io/hashicorp/aws\"]",
      "instances": [
        {
          "schema_version": 0,
          "attributes": {
            "id": "AWSServiceRoleForApplicationAutoScaling_ECSService/arn:aws-us-gov:iam::aws:policy/aws-service-role/AWSApplicationAutoscalingECSServicePolicy",
            "policy_arn": "arn:aws-us-gov:iam::aws:policy/aws-service-role/AWSApplicationAutoscalingECSServicePolicy",
            "role": "AWSServiceRoleForApplicationAutoScaling_ECSService"
          },
          "sensitive_attributes": []
        }
      ]
    },
    {
      "mode": "managed",
      "type": "aws_iam_role_policy_attachment",
      "name": "AWSServiceRoleForAutoScaling_policy_aws_service_role_AutoScalingServiceRolePolicy",
      "provider": "provider[\"registry.terraform.io/hashicorp/aws\"]",
      "instances": [
        {
          "schema_version": 0,
          "attributes": {
            "id": "AWSServiceRoleForAutoScaling/arn:aws-us-gov:iam::aws:policy/aws-service-role/AutoScalingServiceRolePolicy",
            "policy_arn": "arn:aws-us-gov:iam::aws:policy/aws-service-role/AutoScalingServiceRolePolicy",
            "role": "AWSServiceRoleForAutoScaling"
          },
          "sensitive_attributes": []
        }
      ]
    },
    {
      "mode": "managed",
      "type": "aws_iam_role_policy_attachment",
      "name": "AWSServiceRoleForCloudTrail_policy_aws_service_role_CloudTrailServiceRolePolicy",
      "provider": "provider[\"registry.terraform.io/hashicorp/aws\"]",
      "instances": [
        {
          "schema_version": 0,
          "attributes": {
            "id": "AWSServiceRoleForCloudTrail/arn:aws-us-gov:iam::aws:policy/aws-service-role/CloudTrailServiceRolePolicy",
            "policy_arn": "arn:aws-us-gov:iam::aws:policy/aws-service-role/CloudTrailServiceRolePolicy",
            "role": "AWSServiceRoleForCloudTrail"
          },
          "sensitive_attributes": []
        }
      ]
    },
    {
      "mode": "managed",
      "type": "aws_iam_role_policy_attachment",
      "name": "AWSServiceRoleForConfig_policy_aws_service_role_AWSConfigServiceRolePolicy",
      "provider": "provider[\"registry.terraform.io/hashicorp/aws\"]",
      "instances": [
        {
          "schema_version": 0,
          "attributes": {
            "id": "AWSServiceRoleForConfig/arn:aws-us-gov:iam::aws:policy/aws-service-role/AWSConfigServiceRolePolicy",
            "policy_arn": "arn:aws-us-gov:iam::aws:policy/aws-service-role/AWSConfigServiceRolePolicy",
            "role": "AWSServiceRoleForConfig"
          },
          "sensitive_attributes": []
        }
      ]
    },
    {
      "mode": "managed",
      "type": "aws_iam_role_policy_attachment",
      "name": "AWSServiceRoleForECS_policy_aws_service_role_AmazonECSServiceRolePolicy",
      "provider": "provider[\"registry.terraform.io/hashicorp/aws\"]",
      "instances": [
        {
          "schema_version": 0,
          "attributes": {
            "id": "AWSServiceRoleForECS/arn:aws-us-gov:iam::aws:policy/aws-service-role/AmazonECSServiceRolePolicy",
            "policy_arn": "arn:aws-us-gov:iam::aws:policy/aws-service-role/AmazonECSServiceRolePolicy",
            "role": "AWSServiceRoleForECS"
          },
          "sensitive_attributes": []
        }
      ]
    },
    {
      "mode": "managed",
      "type": "aws_iam_role_policy_attachment",
      "name": "AWSServiceRoleForElastiCache_policy_aws_service_role_ElastiCacheServiceRolePolicy",
      "provider": "provider[\"registry.terraform.io/hashicorp/aws\"]",
      "instances": [
        {
          "schema_version": 0,
          "attributes": {
            "id": "AWSServiceRoleForElastiCache/arn:aws-us-gov:iam::aws:policy/aws-service-role/ElastiCacheServiceRolePolicy",
            "policy_arn": "arn:aws-us-gov:iam::aws:policy/aws-service-role/ElastiCacheServiceRolePolicy",
            "role": "AWSServiceRoleForElastiCache"
          },
          "sensitive_attributes": []
        }
      ]
    },
    {
      "mode": "managed",
      "type": "aws_iam_role_policy_attachment",
      "name": "AWSServiceRoleForElasticBeanstalk_policy_aws_service_role_AWSElasticBeanstalkServiceRolePolicy",
      "provider": "provider[\"registry.terraform.io/hashicorp/aws\"]",
      "instances": [
        {
          "schema_version": 0,
          "attributes": {
            "id": "AWSServiceRoleForElasticBeanstalk/arn:aws-us-gov:iam::aws:policy/aws-service-role/AWSElasticBeanstalkServiceRolePolicy",
            "policy_arn": "arn:aws-us-gov:iam::aws:policy/aws-service-role/AWSElasticBeanstalkServiceRolePolicy",
            "role": "AWSServiceRoleForElasticBeanstalk"
          },
          "sensitive_attributes": []
        }
      ]
    },
    {
      "mode": "managed",
      "type": "aws_iam_role_policy_attachment",
      "name": "AWSServiceRoleForElasticLoadBalancing_policy_aws_service_role_AWSElasticLoadBalancingServiceRolePolicy",
      "provider": "provider[\"registry.terraform.io/hashicorp/aws\"]",
      "instances": [
        {
          "schema_version": 0,
          "attributes": {
            "id": "AWSServiceRoleForElasticLoadBalancing/arn:aws-us-gov:iam::aws:policy/aws-service-role/AWSElasticLoadBalancingServiceRolePolicy",
            "policy_arn": "arn:aws-us-gov:iam::aws:policy/aws-service-role/AWSElasticLoadBalancingServiceRolePolicy",
            "role": "AWSServiceRoleForElasticLoadBalancing"
          },
          "sensitive_attributes": []
        }
      ]
    },
    {
      "mode": "managed",
      "type": "aws_iam_role_policy_attachment",
      "name": "AWSServiceRoleForOrganizations_policy_aws_service_role_AWSOrganizationsServiceTrustPolicy",
      "provider": "provider[\"registry.terraform.io/hashicorp/aws\"]",
      "instances": [
        {
          "schema_version": 0,
          "attributes": {
            "id": "AWSServiceRoleForOrganizations/arn:aws-us-gov:iam::aws:policy/aws-service-role/AWSOrganizationsServiceTrustPolicy",
            "policy_arn": "arn:aws-us-gov:iam::aws:policy/aws-service-role/AWSOrganizationsServiceTrustPolicy",
            "role": "AWSServiceRoleForOrganizations"
          },
          "sensitive_attributes": []
        }
      ]
    },
    {
      "mode": "managed",
      "type": "aws_iam_role_policy_attachment",
      "name": "AWSServiceRoleForRDS_policy_aws_service_role_AmazonRDSServiceRolePolicy",
      "provider": "provider[\"registry.terraform.io/hashicorp/aws\"]",
      "instances": [
        {
          "schema_version": 0,
          "attributes": {
            "id": "AWSServiceRoleForRDS/arn:aws-us-gov:iam::aws:policy/aws-service-role/AmazonRDSServiceRolePolicy",
            "policy_arn": "arn:aws-us-gov:iam::aws:policy/aws-service-role/AmazonRDSServiceRolePolicy",
            "role": "AWSServiceRoleForRDS"
          },
          "sensitive_attributes": []
        }
      ]
    },
    {
      "mode": "managed",
      "type": "aws_iam_role_policy_attachment",
      "name": "AWSServiceRoleForSSO_policy_aws_service_role_AWSSSOServiceRolePolicy",
      "provider": "provider[\"registry.terraform.io/hashicorp/aws\"]",
      "instances": [
        {
          "schema_version": 0,
          "attributes": {
            "id": "AWSServiceRoleForSSO/arn:aws-us-gov:iam::aws:policy/aws-service-role/AWSSSOServiceRolePolicy",
            "policy_arn": "arn:aws-us-gov:iam::aws:policy/aws-service-role/AWSSSOServiceRolePolicy",
            "role": "AWSServiceRoleForSSO"
          },
          "sensitive_attributes": []
        }
      ]
    },
    {
      "mode": "managed",
      "type": "aws_iam_role_policy_attachment",
      "name": "AWSServiceRoleForSecurityHub_policy_aws_service_role_AWSSecurityHubServiceRolePolicy",
      "provider": "provider[\"registry.terraform.io/hashicorp/aws\"]",
      "instances": [
        {
          "schema_version": 0,
          "attributes": {
            "id": "AWSServiceRoleForSecurityHub/arn:aws-us-gov:iam::aws:policy/aws-service-role/AWSSecurityHubServiceRolePolicy",
            "policy_arn": "arn:aws-us-gov:iam::aws:policy/aws-service-role/AWSSecurityHubServiceRolePolicy",
            "role": "AWSServiceRoleForSecurityHub"
          },
          "sensitive_attributes": []
        }
      ]
    },
    {
      "mode": "managed",
      "type": "aws_iam_role_policy_attachment",
      "name": "AWSServiceRoleForServiceQuotas_policy_aws_service_role_ServiceQuotasServiceRolePolicy",
      "provider": "provider[\"registry.terraform.io/hashicorp/aws\"]",
      "instances": [
        {
          "schema_version": 0,
          "attributes": {
            "id": "AWSServiceRoleForServiceQuotas/arn:aws-us-gov:iam::aws:policy/aws-service-role/ServiceQuotasServiceRolePolicy",
            "policy_arn": "arn:aws-us-gov:iam::aws:policy/aws-service-role/ServiceQuotasServiceRolePolicy",
            "role": "AWSServiceRoleForServiceQuotas"
          },
          "sensitive_attributes": []
        }
      ]
    },
    {
      "mode": "managed",
      "type": "aws_iam_role_policy_attachment",
      "name": "AWSServiceRoleForSupport_policy_aws_service_role_AWSSupportServiceRolePolicy",
      "provider": "provider[\"registry.terraform.io/hashicorp/aws\"]",
      "instances": [
        {
          "schema_version": 0,
          "attributes": {
            "id": "AWSServiceRoleForSupport/arn:aws-us-gov:iam::aws:policy/aws-service-role/AWSSupportServiceRolePolicy",
            "policy_arn": "arn:aws-us-gov:iam::aws:policy/aws-service-role/AWSSupportServiceRolePolicy",
            "role": "AWSServiceRoleForSupport"
          },
          "sensitive_attributes": []
        }
      ]
    },
    {
      "mode": "managed",
      "type": "aws_iam_role_policy_attachment",
      "name": "AWSServiceRoleForTrustedAdvisor_policy_aws_service_role_AWSTrustedAdvisorServiceRolePolicy",
      "provider": "provider[\"registry.terraform.io/hashicorp/aws\"]",
      "instances": [
        {
          "schema_version": 0,
          "attributes": {
            "id": "AWSServiceRoleForTrustedAdvisor/arn:aws-us-gov:iam::aws:policy/aws-service-role/AWSTrustedAdvisorServiceRolePolicy",
            "policy_arn": "arn:aws-us-gov:iam::aws:policy/aws-service-role/AWSTrustedAdvisorServiceRolePolicy",
            "role": "AWSServiceRoleForTrustedAdvisor"
          },
          "sensitive_attributes": []
        }
      ]
    },
    {
      "mode": "managed",
      "type": "aws_iam_role_policy_attachment",
      "name": "BastionServer_policy_AmazonSSMManagedInstanceCore",
      "provider": "provider[\"registry.terraform.io/hashicorp/aws\"]",
      "instances": [
        {
          "schema_version": 0,
          "attributes": {
            "id": "BastionServer/arn:aws-us-gov:iam::aws:policy/AmazonSSMManagedInstanceCore",
            "policy_arn": "arn:aws-us-gov:iam::aws:policy/AmazonSSMManagedInstanceCore",
            "role": "BastionServer"
          },
          "sensitive_attributes": []
        }
      ]
    },
    {
      "mode": "managed",
      "type": "aws_iam_role_policy_attachment",
      "name": "BastionServer_policy_service_role_AmazonEC2RoleforSSM",
      "provider": "provider[\"registry.terraform.io/hashicorp/aws\"]",
      "instances": [
        {
          "schema_version": 0,
          "attributes": {
            "id": "BastionServer/arn:aws-us-gov:iam::aws:policy/service-role/AmazonEC2RoleforSSM",
            "policy_arn": "arn:aws-us-gov:iam::aws:policy/service-role/AmazonEC2RoleforSSM",
            "role": "BastionServer"
          },
          "sensitive_attributes": []
        }
      ]
    },
    {
      "mode": "managed",
      "type": "aws_iam_role_policy_attachment",
      "name": "DeveloperTools_S3Proxy_policy_ElasticBeanstalkDeployedService",
      "provider": "provider[\"registry.terraform.io/hashicorp/aws\"]",
      "instances": [
        {
          "schema_version": 0,
          "attributes": {
            "id": "DeveloperTools-S3Proxy/arn:aws-us-gov:iam::050779347855:policy/ElasticBeanstalkDeployedService",
            "policy_arn": "arn:aws-us-gov:iam::050779347855:policy/ElasticBeanstalkDeployedService",
            "role": "DeveloperTools-S3Proxy"
          },
          "sensitive_attributes": []
        }
      ]
    },
    {
      "mode": "managed",
      "type": "aws_iam_role_policy_attachment",
      "name": "DynamoDBAutoscaleRole_policy_DynamoDBAutoscalePolicy",
      "provider": "provider[\"registry.terraform.io/hashicorp/aws\"]",
      "instances": [
        {
          "schema_version": 0,
          "attributes": {
            "id": "DynamoDBAutoscaleRole/arn:aws-us-gov:iam::050779347855:policy/DynamoDBAutoscalePolicy",
            "policy_arn": "arn:aws-us-gov:iam::050779347855:policy/DynamoDBAutoscalePolicy",
            "role": "DynamoDBAutoscaleRole"
          },
          "sensitive_attributes": []
        }
      ]
    },
    {
      "mode": "managed",
      "type": "aws_iam_role_policy_attachment",
      "name": "FlowLogger_policy_CloudWatchLogsWriteLogs",
      "provider": "provider[\"registry.terraform.io/hashicorp/aws\"]",
      "instances": [
        {
          "schema_version": 0,
          "attributes": {
            "id": "FlowLogger/arn:aws-us-gov:iam::050779347855:policy/CloudWatchLogsWriteLogs",
            "policy_arn": "arn:aws-us-gov:iam::050779347855:policy/CloudWatchLogsWriteLogs",
            "role": "FlowLogger"
          },
          "sensitive_attributes": []
        }
      ]
    },
    {
      "mode": "managed",
      "type": "aws_iam_role_policy_attachment",
      "name": "JavaDockerServerDeveloper_policy_ECRServerDeveloper",
      "provider": "provider[\"registry.terraform.io/hashicorp/aws\"]",
      "instances": [
        {
          "schema_version": 0,
          "attributes": {
            "id": "JavaDockerServerDeveloper/arn:aws-us-gov:iam::050779347855:policy/ECRServerDeveloper",
            "policy_arn": "arn:aws-us-gov:iam::050779347855:policy/ECRServerDeveloper",
            "role": "JavaDockerServerDeveloper"
          },
          "sensitive_attributes": []
        }
      ]
    },
    {
      "mode": "managed",
      "type": "aws_iam_role_policy_attachment",
      "name": "JavaDockerServerDeveloper_policy_ECSFullReadAccess",
      "provider": "provider[\"registry.terraform.io/hashicorp/aws\"]",
      "instances": [
        {
          "schema_version": 0,
          "attributes": {
            "id": "JavaDockerServerDeveloper/arn:aws-us-gov:iam::050779347855:policy/ECSFullReadAccess",
            "policy_arn": "arn:aws-us-gov:iam::050779347855:policy/ECSFullReadAccess",
            "role": "JavaDockerServerDeveloper"
          },
          "sensitive_attributes": []
        }
      ]
    },
    {
      "mode": "managed",
      "type": "aws_iam_role_policy_attachment",
      "name": "JavaDockerServerDeveloper_policy_ECSTaskDefinitionFullAccess",
      "provider": "provider[\"registry.terraform.io/hashicorp/aws\"]",
      "instances": [
        {
          "schema_version": 0,
          "attributes": {
            "id": "JavaDockerServerDeveloper/arn:aws-us-gov:iam::050779347855:policy/ECSTaskDefinitionFullAccess",
            "policy_arn": "arn:aws-us-gov:iam::050779347855:policy/ECSTaskDefinitionFullAccess",
            "role": "JavaDockerServerDeveloper"
          },
          "sensitive_attributes": []
        }
      ]
    },
    {
      "mode": "managed",
      "type": "aws_iam_role_policy_attachment",
      "name": "JenkinsMaster_policy_service_role_AmazonEC2RoleforSSM",
      "provider": "provider[\"registry.terraform.io/hashicorp/aws\"]",
      "instances": [
        {
          "schema_version": 0,
          "attributes": {
            "id": "JenkinsMaster/arn:aws-us-gov:iam::aws:policy/service-role/AmazonEC2RoleforSSM",
            "policy_arn": "arn:aws-us-gov:iam::aws:policy/service-role/AmazonEC2RoleforSSM",
            "role": "JenkinsMaster"
          },
          "sensitive_attributes": []
        }
      ]
    },
    {
      "mode": "managed",
      "type": "aws_iam_role_policy_attachment",
      "name": "JenkinsRubySlave_policy_ECRDeployer",
      "provider": "provider[\"registry.terraform.io/hashicorp/aws\"]",
      "instances": [
        {
          "schema_version": 0,
          "attributes": {
            "id": "JenkinsRubySlave/arn:aws-us-gov:iam::050779347855:policy/ECRDeployer",
            "policy_arn": "arn:aws-us-gov:iam::050779347855:policy/ECRDeployer",
            "role": "JenkinsRubySlave"
          },
          "sensitive_attributes": []
        }
      ]
    },
    {
      "mode": "managed",
      "type": "aws_iam_role_policy_attachment",
      "name": "LearningMediaMetadataUpdateRole_policy_CloudWatchLogsWriteLogs",
      "provider": "provider[\"registry.terraform.io/hashicorp/aws\"]",
      "instances": [
        {
          "schema_version": 0,
          "attributes": {
            "id": "LearningMediaMetadataUpdateRole/arn:aws-us-gov:iam::050779347855:policy/CloudWatchLogsWriteLogs",
            "policy_arn": "arn:aws-us-gov:iam::050779347855:policy/CloudWatchLogsWriteLogs",
            "role": "LearningMediaMetadataUpdateRole"
          },
          "sensitive_attributes": []
        }
      ]
    },
    {
      "mode": "managed",
      "type": "aws_iam_role_policy_attachment",
      "name": "MediaStepsLambdaRole_policy_AmazonS3ReadOnlyAccess",
      "provider": "provider[\"registry.terraform.io/hashicorp/aws\"]",
      "instances": [
        {
          "schema_version": 0,
          "attributes": {
            "id": "MediaStepsLambdaRole/arn:aws-us-gov:iam::aws:policy/AmazonS3ReadOnlyAccess",
            "policy_arn": "arn:aws-us-gov:iam::aws:policy/AmazonS3ReadOnlyAccess",
            "role": "MediaStepsLambdaRole"
          },
          "sensitive_attributes": []
        }
      ]
    },
    {
      "mode": "managed",
      "type": "aws_iam_role_policy_attachment",
      "name": "MediaStepsLambdaRole_policy_AmazonSNSReadOnlyAccess",
      "provider": "provider[\"registry.terraform.io/hashicorp/aws\"]",
      "instances": [
        {
          "schema_version": 0,
          "attributes": {
            "id": "MediaStepsLambdaRole/arn:aws-us-gov:iam::aws:policy/AmazonSNSReadOnlyAccess",
            "policy_arn": "arn:aws-us-gov:iam::aws:policy/AmazonSNSReadOnlyAccess",
            "role": "MediaStepsLambdaRole"
          },
          "sensitive_attributes": []
        }
      ]
    },
    {
      "mode": "managed",
      "type": "aws_iam_role_policy_attachment",
      "name": "MediaStepsLambdaRole_policy_CloudWatchLogsWriteLogs",
      "provider": "provider[\"registry.terraform.io/hashicorp/aws\"]",
      "instances": [
        {
          "schema_version": 0,
          "attributes": {
            "id": "MediaStepsLambdaRole/arn:aws-us-gov:iam::050779347855:policy/CloudWatchLogsWriteLogs",
            "policy_arn": "arn:aws-us-gov:iam::050779347855:policy/CloudWatchLogsWriteLogs",
            "role": "MediaStepsLambdaRole"
          },
          "sensitive_attributes": []
        }
      ]
    },
    {
      "mode": "managed",
      "type": "aws_iam_role_policy_attachment",
      "name": "SessionManagerMinimum_policy_SessionManagerMinimum",
      "provider": "provider[\"registry.terraform.io/hashicorp/aws\"]",
      "instances": [
        {
          "schema_version": 0,
          "attributes": {
            "id": "SessionManagerMinimum/arn:aws-us-gov:iam::050779347855:policy/SessionManagerMinimum",
            "policy_arn": "arn:aws-us-gov:iam::050779347855:policy/SessionManagerMinimum",
            "role": "SessionManagerMinimum"
          },
          "sensitive_attributes": []
        }
      ]
    },
    {
      "mode": "managed",
      "type": "aws_iam_role_policy_attachment",
      "name": "StatesExecutionRole_policy_service_role_AWSLambdaRole",
      "provider": "provider[\"registry.terraform.io/hashicorp/aws\"]",
      "instances": [
        {
          "schema_version": 0,
          "attributes": {
            "id": "StatesExecutionRole/arn:aws-us-gov:iam::aws:policy/service-role/AWSLambdaRole",
            "policy_arn": "arn:aws-us-gov:iam::aws:policy/service-role/AWSLambdaRole",
            "role": "StatesExecutionRole"
          },
          "sensitive_attributes": []
        }
      ]
    },
    {
      "mode": "managed",
      "type": "aws_iam_role_policy_attachment",
      "name": "allogy_rds_restore_policy_AmazonS3FullAccess",
      "provider": "provider[\"registry.terraform.io/hashicorp/aws\"]",
      "instances": [
        {
          "schema_version": 0,
          "attributes": {
            "id": "allogy_rds_restore/arn:aws-us-gov:iam::aws:policy/AmazonS3FullAccess",
            "policy_arn": "arn:aws-us-gov:iam::aws:policy/AmazonS3FullAccess",
            "role": "allogy_rds_restore"
          },
          "sensitive_attributes": []
        }
      ]
    },
    {
      "mode": "managed",
      "type": "aws_iam_role_policy_attachment",
      "name": "allogy_rds_restore_policy_allogy_dms_policy",
      "provider": "provider[\"registry.terraform.io/hashicorp/aws\"]",
      "instances": [
        {
          "schema_version": 0,
          "attributes": {
            "id": "allogy_rds_restore/arn:aws-us-gov:iam::050779347855:policy/allogy-dms-policy",
            "policy_arn": "arn:aws-us-gov:iam::050779347855:policy/allogy-dms-policy",
            "role": "allogy_rds_restore"
          },
          "sensitive_attributes": []
        }
      ]
    },
    {
      "mode": "managed",
      "type": "aws_iam_role_policy_attachment",
      "name": "aws_api_gateway_role_policy_service_role_AmazonAPIGatewayPushToCloudWatchLogs",
      "provider": "provider[\"registry.terraform.io/hashicorp/aws\"]",
      "instances": [
        {
          "schema_version": 0,
          "attributes": {
            "id": "aws-api-gateway-role/arn:aws-us-gov:iam::aws:policy/service-role/AmazonAPIGatewayPushToCloudWatchLogs",
            "policy_arn": "arn:aws-us-gov:iam::aws:policy/service-role/AmazonAPIGatewayPushToCloudWatchLogs",
            "role": "aws-api-gateway-role"
          },
          "sensitive_attributes": []
        }
      ]
    },
    {
      "mode": "managed",
      "type": "aws_iam_role_policy_attachment",
      "name": "aws_elasticbeanstalk_service_role_policy_AWSElasticBeanstalkWebTier",
      "provider": "provider[\"registry.terraform.io/hashicorp/aws\"]",
      "instances": [
        {
          "schema_version": 0,
          "attributes": {
            "id": "aws-elasticbeanstalk-service-role/arn:aws-us-gov:iam::aws:policy/AWSElasticBeanstalkWebTier",
            "policy_arn": "arn:aws-us-gov:iam::aws:policy/AWSElasticBeanstalkWebTier",
            "role": "aws-elasticbeanstalk-service-role"
          },
          "sensitive_attributes": []
        }
      ]
    },
    {
      "mode": "managed",
      "type": "aws_iam_role_policy_attachment",
      "name": "aws_elasticbeanstalk_service_role_policy_service_role_AWSElasticBeanstalkEnhancedHealth",
      "provider": "provider[\"registry.terraform.io/hashicorp/aws\"]",
      "instances": [
        {
          "schema_version": 0,
          "attributes": {
            "id": "aws-elasticbeanstalk-service-role/arn:aws-us-gov:iam::aws:policy/service-role/AWSElasticBeanstalkEnhancedHealth",
            "policy_arn": "arn:aws-us-gov:iam::aws:policy/service-role/AWSElasticBeanstalkEnhancedHealth",
            "role": "aws-elasticbeanstalk-service-role"
          },
          "sensitive_attributes": []
        }
      ]
    },
    {
      "mode": "managed",
      "type": "aws_iam_role_policy_attachment",
      "name": "aws_elasticbeanstalk_service_role_policy_service_role_AWSElasticBeanstalkService",
      "provider": "provider[\"registry.terraform.io/hashicorp/aws\"]",
      "instances": [
        {
          "schema_version": 0,
          "attributes": {
            "id": "aws-elasticbeanstalk-service-role/arn:aws-us-gov:iam::aws:policy/service-role/AWSElasticBeanstalkService",
            "policy_arn": "arn:aws-us-gov:iam::aws:policy/service-role/AWSElasticBeanstalkService",
            "role": "aws-elasticbeanstalk-service-role"
          },
          "sensitive_attributes": []
        }
      ]
    },
    {
      "mode": "managed",
      "type": "aws_iam_role_policy_attachment",
      "name": "dms_cloudwatch_logs_role_policy_service_role_AmazonDMSCloudWatchLogsRole",
      "provider": "provider[\"registry.terraform.io/hashicorp/aws\"]",
      "instances": [
        {
          "schema_version": 0,
          "attributes": {
            "id": "dms-cloudwatch-logs-role/arn:aws-us-gov:iam::aws:policy/service-role/AmazonDMSCloudWatchLogsRole",
            "policy_arn": "arn:aws-us-gov:iam::aws:policy/service-role/AmazonDMSCloudWatchLogsRole",
            "role": "dms-cloudwatch-logs-role"
          },
          "sensitive_attributes": []
        }
      ]
    },
    {
      "mode": "managed",
      "type": "aws_iam_role_policy_attachment",
      "name": "dms_vpc_role_policy_service_role_AmazonDMSVPCManagementRole",
      "provider": "provider[\"registry.terraform.io/hashicorp/aws\"]",
      "instances": [
        {
          "schema_version": 0,
          "attributes": {
            "id": "dms-vpc-role/arn:aws-us-gov:iam::aws:policy/service-role/AmazonDMSVPCManagementRole",
            "policy_arn": "arn:aws-us-gov:iam::aws:policy/service-role/AmazonDMSVPCManagementRole",
            "role": "dms-vpc-role"
          },
          "sensitive_attributes": []
        }
      ]
    },
    {
      "mode": "managed",
      "type": "aws_iam_role_policy_attachment",
      "name": "ecsAutoscaleRole_policy_service_role_AmazonEC2ContainerServiceAutoscaleRole",
      "provider": "provider[\"registry.terraform.io/hashicorp/aws\"]",
      "instances": [
        {
          "schema_version": 0,
          "attributes": {
            "id": "ecsAutoscaleRole/arn:aws-us-gov:iam::aws:policy/service-role/AmazonEC2ContainerServiceAutoscaleRole",
            "policy_arn": "arn:aws-us-gov:iam::aws:policy/service-role/AmazonEC2ContainerServiceAutoscaleRole",
            "role": "ecsAutoscaleRole"
          },
          "sensitive_attributes": []
        }
      ]
    },
    {
      "mode": "managed",
      "type": "aws_iam_role_policy_attachment",
      "name": "ecsInstanceRole_policy_AWSXrayWriteOnlyAccess",
      "provider": "provider[\"registry.terraform.io/hashicorp/aws\"]",
      "instances": [
        {
          "schema_version": 0,
          "attributes": {
            "id": "ecsInstanceRole/arn:aws-us-gov:iam::aws:policy/AWSXrayWriteOnlyAccess",
            "policy_arn": "arn:aws-us-gov:iam::aws:policy/AWSXrayWriteOnlyAccess",
            "role": "ecsInstanceRole"
          },
          "sensitive_attributes": []
        }
      ]
    },
    {
      "mode": "managed",
      "type": "aws_iam_role_policy_attachment",
      "name": "ecsInstanceRole_policy_AmazonEC2ContainerRegistryReadOnly",
      "provider": "provider[\"registry.terraform.io/hashicorp/aws\"]",
      "instances": [
        {
          "schema_version": 0,
          "attributes": {
            "id": "ecsInstanceRole/arn:aws-us-gov:iam::aws:policy/AmazonEC2ContainerRegistryReadOnly",
            "policy_arn": "arn:aws-us-gov:iam::aws:policy/AmazonEC2ContainerRegistryReadOnly",
            "role": "ecsInstanceRole"
          },
          "sensitive_attributes": []
        }
      ]
    },
    {
      "mode": "managed",
      "type": "aws_iam_role_policy_attachment",
      "name": "ecsInstanceRole_policy_CloudWatchWriteMetrics",
      "provider": "provider[\"registry.terraform.io/hashicorp/aws\"]",
      "instances": [
        {
          "schema_version": 0,
          "attributes": {
            "id": "ecsInstanceRole/arn:aws-us-gov:iam::050779347855:policy/CloudWatchWriteMetrics",
            "policy_arn": "arn:aws-us-gov:iam::050779347855:policy/CloudWatchWriteMetrics",
            "role": "ecsInstanceRole"
          },
          "sensitive_attributes": []
        }
      ]
    },
    {
      "mode": "managed",
      "type": "aws_iam_role_policy_attachment",
      "name": "ecsInstanceRole_policy_service_role_AmazonEC2ContainerServiceforEC2Role",
      "provider": "provider[\"registry.terraform.io/hashicorp/aws\"]",
      "instances": [
        {
          "schema_version": 0,
          "attributes": {
            "id": "ecsInstanceRole/arn:aws-us-gov:iam::aws:policy/service-role/AmazonEC2ContainerServiceforEC2Role",
            "policy_arn": "arn:aws-us-gov:iam::aws:policy/service-role/AmazonEC2ContainerServiceforEC2Role",
            "role": "ecsInstanceRole"
          },
          "sensitive_attributes": []
        }
      ]
    },
    {
      "mode": "managed",
      "type": "aws_iam_role_policy_attachment",
      "name": "ecsInstanceRole_policy_service_role_AmazonEC2RoleforSSM",
      "provider": "provider[\"registry.terraform.io/hashicorp/aws\"]",
      "instances": [
        {
          "schema_version": 0,
          "attributes": {
            "id": "ecsInstanceRole/arn:aws-us-gov:iam::aws:policy/service-role/AmazonEC2RoleforSSM",
            "policy_arn": "arn:aws-us-gov:iam::aws:policy/service-role/AmazonEC2RoleforSSM",
            "role": "ecsInstanceRole"
          },
          "sensitive_attributes": []
        }
      ]
    },
    {
      "mode": "managed",
      "type": "aws_iam_role_policy_attachment",
      "name": "ecsServiceRole_policy_service_role_AmazonEC2ContainerServiceRole",
      "provider": "provider[\"registry.terraform.io/hashicorp/aws\"]",
      "instances": [
        {
          "schema_version": 0,
          "attributes": {
            "id": "ecsServiceRole/arn:aws-us-gov:iam::aws:policy/service-role/AmazonEC2ContainerServiceRole",
            "policy_arn": "arn:aws-us-gov:iam::aws:policy/service-role/AmazonEC2ContainerServiceRole",
            "role": "ecsServiceRole"
          },
          "sensitive_attributes": []
        }
      ]
    },
    {
      "mode": "managed",
      "type": "aws_iam_role_policy_attachment",
      "name": "infrastructure_ecsMetricCollector_policy_CloudWatchLogsWriteLogs",
      "provider": "provider[\"registry.terraform.io/hashicorp/aws\"]",
      "instances": [
        {
          "schema_version": 0,
          "attributes": {
            "id": "infrastructure-ecsMetricCollector/arn:aws-us-gov:iam::050779347855:policy/CloudWatchLogsWriteLogs",
            "policy_arn": "arn:aws-us-gov:iam::050779347855:policy/CloudWatchLogsWriteLogs",
            "role": "infrastructure-ecsMetricCollector"
          },
          "sensitive_attributes": []
        }
      ]
    },
    {
      "mode": "managed",
      "type": "aws_iam_role_policy_attachment",
      "name": "infrastructure_ecsMetricCollector_policy_CloudWatchWriteMetrics",
      "provider": "provider[\"registry.terraform.io/hashicorp/aws\"]",
      "instances": [
        {
          "schema_version": 0,
          "attributes": {
            "id": "infrastructure-ecsMetricCollector/arn:aws-us-gov:iam::050779347855:policy/CloudWatchWriteMetrics",
            "policy_arn": "arn:aws-us-gov:iam::050779347855:policy/CloudWatchWriteMetrics",
            "role": "infrastructure-ecsMetricCollector"
          },
          "sensitive_attributes": []
        }
      ]
    },
    {
      "mode": "managed",
      "type": "aws_iam_role_policy_attachment",
      "name": "infrastructure_eureka_discovery_service_policy_CloudWatchLogsWriteLogs",
      "provider": "provider[\"registry.terraform.io/hashicorp/aws\"]",
      "instances": [
        {
          "schema_version": 0,
          "attributes": {
            "id": "infrastructure-eureka-discovery-service/arn:aws-us-gov:iam::050779347855:policy/CloudWatchLogsWriteLogs",
            "policy_arn": "arn:aws-us-gov:iam::050779347855:policy/CloudWatchLogsWriteLogs",
            "role": "infrastructure-eureka-discovery-service"
          },
          "sensitive_attributes": []
        }
      ]
    },
    {
      "mode": "managed",
      "type": "aws_iam_role_policy_attachment",
      "name": "infrastructure_eureka_discovery_service_policy_CloudWatchWriteMetrics",
      "provider": "provider[\"registry.terraform.io/hashicorp/aws\"]",
      "instances": [
        {
          "schema_version": 0,
          "attributes": {
            "id": "infrastructure-eureka-discovery-service/arn:aws-us-gov:iam::050779347855:policy/CloudWatchWriteMetrics",
            "policy_arn": "arn:aws-us-gov:iam::050779347855:policy/CloudWatchWriteMetrics",
            "role": "infrastructure-eureka-discovery-service"
          },
          "sensitive_attributes": []
        }
      ]
    },
    {
      "mode": "managed",
      "type": "aws_iam_role_policy_attachment",
      "name": "internal_services_gateway_policy_AmazonSSMManagedInstanceCore",
      "provider": "provider[\"registry.terraform.io/hashicorp/aws\"]",
      "instances": [
        {
          "schema_version": 0,
          "attributes": {
            "id": "internal-services-gateway/arn:aws-us-gov:iam::aws:policy/AmazonSSMManagedInstanceCore",
            "policy_arn": "arn:aws-us-gov:iam::aws:policy/AmazonSSMManagedInstanceCore",
            "role": "internal-services-gateway"
          },
          "sensitive_attributes": []
        }
      ]
    },
    {
      "mode": "managed",
      "type": "aws_iam_role_policy_attachment",
      "name": "internal_services_gateway_policy_CloudWatchLogsWriteLogs",
      "provider": "provider[\"registry.terraform.io/hashicorp/aws\"]",
      "instances": [
        {
          "schema_version": 0,
          "attributes": {
            "id": "internal-services-gateway/arn:aws-us-gov:iam::050779347855:policy/CloudWatchLogsWriteLogs",
            "policy_arn": "arn:aws-us-gov:iam::050779347855:policy/CloudWatchLogsWriteLogs",
            "role": "internal-services-gateway"
          },
          "sensitive_attributes": []
        }
      ]
    },
    {
      "mode": "managed",
      "type": "aws_iam_role_policy_attachment",
      "name": "internal_services_gateway_policy_CloudWatchWriteMetrics",
      "provider": "provider[\"registry.terraform.io/hashicorp/aws\"]",
      "instances": [
        {
          "schema_version": 0,
          "attributes": {
            "id": "internal-services-gateway/arn:aws-us-gov:iam::050779347855:policy/CloudWatchWriteMetrics",
            "policy_arn": "arn:aws-us-gov:iam::050779347855:policy/CloudWatchWriteMetrics",
            "role": "internal-services-gateway"
          },
          "sensitive_attributes": []
        }
      ]
    },
    {
      "mode": "managed",
      "type": "aws_iam_role_policy_attachment",
      "name": "internal_services_gateway_policy_ElasticBeanstalkDeployedService",
      "provider": "provider[\"registry.terraform.io/hashicorp/aws\"]",
      "instances": [
        {
          "schema_version": 0,
          "attributes": {
            "id": "internal-services-gateway/arn:aws-us-gov:iam::050779347855:policy/ElasticBeanstalkDeployedService",
            "policy_arn": "arn:aws-us-gov:iam::050779347855:policy/ElasticBeanstalkDeployedService",
            "role": "internal-services-gateway"
          },
          "sensitive_attributes": []
        }
      ]
    },
    {
      "mode": "managed",
      "type": "aws_iam_role_policy_attachment",
      "name": "lambda_basic_policy_CloudWatchLogsWriteLogs",
      "provider": "provider[\"registry.terraform.io/hashicorp/aws\"]",
      "instances": [
        {
          "schema_version": 0,
          "attributes": {
            "id": "lambda-basic/arn:aws-us-gov:iam::050779347855:policy/CloudWatchLogsWriteLogs",
            "policy_arn": "arn:aws-us-gov:iam::050779347855:policy/CloudWatchLogsWriteLogs",
            "role": "lambda-basic"
          },
          "sensitive_attributes": []
        }
      ]
    },
    {
      "mode": "managed",
      "type": "aws_iam_role_policy_attachment",
      "name": "lambda_basic_policy_CloudWatchWriteMetrics",
      "provider": "provider[\"registry.terraform.io/hashicorp/aws\"]",
      "instances": [
        {
          "schema_version": 0,
          "attributes": {
            "id": "lambda-basic/arn:aws-us-gov:iam::050779347855:policy/CloudWatchWriteMetrics",
            "policy_arn": "arn:aws-us-gov:iam::050779347855:policy/CloudWatchWriteMetrics",
            "role": "lambda-basic"
          },
          "sensitive_attributes": []
        }
      ]
    },
    {
      "mode": "managed",
      "type": "aws_iam_role_policy_attachment",
      "name": "lambda_basic_policy_service_role_AWSLambdaTracerAccessExecutionRole_5581a3b0_4107_4af2_97db_c9db00661e1f",
      "provider": "provider[\"registry.terraform.io/hashicorp/aws\"]",
      "instances": [
        {
          "schema_version": 0,
          "attributes": {
            "id": "lambda-basic/arn:aws-us-gov:iam::050779347855:policy/service-role/AWSLambdaTracerAccessExecutionRole-5581a3b0-4107-4af2-97db-c9db00661e1f",
            "policy_arn": "arn:aws-us-gov:iam::050779347855:policy/service-role/AWSLambdaTracerAccessExecutionRole-5581a3b0-4107-4af2-97db-c9db00661e1f",
            "role": "lambda-basic"
          },
          "sensitive_attributes": []
        }
      ]
    },
    {
      "mode": "managed",
      "type": "aws_iam_role_policy_attachment",
      "name": "lambda_identity_sign_in_policy_CloudWatchLogsWriteLogs",
      "provider": "provider[\"registry.terraform.io/hashicorp/aws\"]",
      "instances": [
        {
          "schema_version": 0,
          "attributes": {
            "id": "lambda-identity-sign-in/arn:aws-us-gov:iam::050779347855:policy/CloudWatchLogsWriteLogs",
            "policy_arn": "arn:aws-us-gov:iam::050779347855:policy/CloudWatchLogsWriteLogs",
            "role": "lambda-identity-sign-in"
          },
          "sensitive_attributes": []
        }
      ]
    },
    {
      "mode": "managed",
      "type": "aws_iam_role_policy_attachment",
      "name": "lambda_identity_sign_in_policy_CloudWatchWriteMetrics",
      "provider": "provider[\"registry.terraform.io/hashicorp/aws\"]",
      "instances": [
        {
          "schema_version": 0,
          "attributes": {
            "id": "lambda-identity-sign-in/arn:aws-us-gov:iam::050779347855:policy/CloudWatchWriteMetrics",
            "policy_arn": "arn:aws-us-gov:iam::050779347855:policy/CloudWatchWriteMetrics",
            "role": "lambda-identity-sign-in"
          },
          "sensitive_attributes": []
        }
      ]
    },
    {
      "mode": "managed",
      "type": "aws_iam_role_policy_attachment",
      "name": "lambda_identity_sign_in_policy_service_role_AWSLambdaVPCAccessExecutionRole",
      "provider": "provider[\"registry.terraform.io/hashicorp/aws\"]",
      "instances": [
        {
          "schema_version": 0,
          "attributes": {
            "id": "lambda-identity-sign-in/arn:aws-us-gov:iam::aws:policy/service-role/AWSLambdaVPCAccessExecutionRole",
            "policy_arn": "arn:aws-us-gov:iam::aws:policy/service-role/AWSLambdaVPCAccessExecutionRole",
            "role": "lambda-identity-sign-in"
          },
          "sensitive_attributes": []
        }
      ]
    },
    {
      "mode": "managed",
      "type": "aws_iam_role_policy_attachment",
      "name": "lambda_learning_activity_service_policy_CloudWatchLogsWriteLogs",
      "provider": "provider[\"registry.terraform.io/hashicorp/aws\"]",
      "instances": [
        {
          "schema_version": 0,
          "attributes": {
            "id": "lambda-learning-activity-service/arn:aws-us-gov:iam::050779347855:policy/CloudWatchLogsWriteLogs",
            "policy_arn": "arn:aws-us-gov:iam::050779347855:policy/CloudWatchLogsWriteLogs",
            "role": "lambda-learning-activity-service"
          },
          "sensitive_attributes": []
        }
      ]
    },
    {
      "mode": "managed",
      "type": "aws_iam_role_policy_attachment",
      "name": "lambda_learning_activity_service_policy_CloudWatchWriteMetrics",
      "provider": "provider[\"registry.terraform.io/hashicorp/aws\"]",
      "instances": [
        {
          "schema_version": 0,
          "attributes": {
            "id": "lambda-learning-activity-service/arn:aws-us-gov:iam::050779347855:policy/CloudWatchWriteMetrics",
            "policy_arn": "arn:aws-us-gov:iam::050779347855:policy/CloudWatchWriteMetrics",
            "role": "lambda-learning-activity-service"
          },
          "sensitive_attributes": []
        }
      ]
    },
    {
      "mode": "managed",
      "type": "aws_iam_role_policy_attachment",
      "name": "lambda_learning_activity_service_policy_service_role_AWSLambdaTracerAccessExecutionRole_6a3ce6fa_3ed7_4eb4_a9fc_a93ef03bfbb1",
      "provider": "provider[\"registry.terraform.io/hashicorp/aws\"]",
      "instances": [
        {
          "schema_version": 0,
          "attributes": {
            "id": "lambda-learning-activity-service/arn:aws-us-gov:iam::050779347855:policy/service-role/AWSLambdaTracerAccessExecutionRole-6a3ce6fa-3ed7-4eb4-a9fc-a93ef03bfbb1",
            "policy_arn": "arn:aws-us-gov:iam::050779347855:policy/service-role/AWSLambdaTracerAccessExecutionRole-6a3ce6fa-3ed7-4eb4-a9fc-a93ef03bfbb1",
            "role": "lambda-learning-activity-service"
          },
          "sensitive_attributes": []
        }
      ]
    },
    {
      "mode": "managed",
      "type": "aws_iam_role_policy_attachment",
      "name": "lambda_learning_activity_service_policy_service_role_AWSLambdaVPCAccessExecutionRole",
      "provider": "provider[\"registry.terraform.io/hashicorp/aws\"]",
      "instances": [
        {
          "schema_version": 0,
          "attributes": {
            "id": "lambda-learning-activity-service/arn:aws-us-gov:iam::aws:policy/service-role/AWSLambdaVPCAccessExecutionRole",
            "policy_arn": "arn:aws-us-gov:iam::aws:policy/service-role/AWSLambdaVPCAccessExecutionRole",
            "role": "lambda-learning-activity-service"
          },
          "sensitive_attributes": []
        }
      ]
    },
    {
      "mode": "managed",
      "type": "aws_iam_role_policy_attachment",
      "name": "lambda_market_download_tracking_service_policy_CloudWatchLogsWriteLogs",
      "provider": "provider[\"registry.terraform.io/hashicorp/aws\"]",
      "instances": [
        {
          "schema_version": 0,
          "attributes": {
            "id": "lambda-market-download-tracking-service/arn:aws-us-gov:iam::050779347855:policy/CloudWatchLogsWriteLogs",
            "policy_arn": "arn:aws-us-gov:iam::050779347855:policy/CloudWatchLogsWriteLogs",
            "role": "lambda-market-download-tracking-service"
          },
          "sensitive_attributes": []
        }
      ]
    },
    {
      "mode": "managed",
      "type": "aws_iam_role_policy_attachment",
      "name": "lambda_market_download_tracking_service_policy_CloudWatchWriteMetrics",
      "provider": "provider[\"registry.terraform.io/hashicorp/aws\"]",
      "instances": [
        {
          "schema_version": 0,
          "attributes": {
            "id": "lambda-market-download-tracking-service/arn:aws-us-gov:iam::050779347855:policy/CloudWatchWriteMetrics",
            "policy_arn": "arn:aws-us-gov:iam::050779347855:policy/CloudWatchWriteMetrics",
            "role": "lambda-market-download-tracking-service"
          },
          "sensitive_attributes": []
        }
      ]
    },
    {
      "mode": "managed",
      "type": "aws_iam_role_policy_attachment",
      "name": "learning_book_extractor_role_policy_CloudWatchLogsWriteLogs",
      "provider": "provider[\"registry.terraform.io/hashicorp/aws\"]",
      "instances": [
        {
          "schema_version": 0,
          "attributes": {
            "id": "learning-book-extractor-role/arn:aws-us-gov:iam::050779347855:policy/CloudWatchLogsWriteLogs",
            "policy_arn": "arn:aws-us-gov:iam::050779347855:policy/CloudWatchLogsWriteLogs",
            "role": "learning-book-extractor-role"
          },
          "sensitive_attributes": []
        }
      ]
    },
    {
      "mode": "managed",
      "type": "aws_iam_role_policy_attachment",
      "name": "learning_book_extractor_role_policy_CloudWatchWriteMetrics",
      "provider": "provider[\"registry.terraform.io/hashicorp/aws\"]",
      "instances": [
        {
          "schema_version": 0,
          "attributes": {
            "id": "learning-book-extractor-role/arn:aws-us-gov:iam::050779347855:policy/CloudWatchWriteMetrics",
            "policy_arn": "arn:aws-us-gov:iam::050779347855:policy/CloudWatchWriteMetrics",
            "role": "learning-book-extractor-role"
          },
          "sensitive_attributes": []
        }
      ]
    },
    {
      "mode": "managed",
      "type": "aws_iam_role_policy_attachment",
      "name": "learning_book_extractor_role_policy_service_role_AWSLambdaVPCAccessExecutionRole",
      "provider": "provider[\"registry.terraform.io/hashicorp/aws\"]",
      "instances": [
        {
          "schema_version": 0,
          "attributes": {
            "id": "learning-book-extractor-role/arn:aws-us-gov:iam::aws:policy/service-role/AWSLambdaVPCAccessExecutionRole",
            "policy_arn": "arn:aws-us-gov:iam::aws:policy/service-role/AWSLambdaVPCAccessExecutionRole",
            "role": "learning-book-extractor-role"
          },
          "sensitive_attributes": []
        }
      ]
    },
    {
      "mode": "managed",
      "type": "aws_iam_role_policy_attachment",
      "name": "learning_media_lambda_image_role_policy_CloudWatchLogsWriteLogs",
      "provider": "provider[\"registry.terraform.io/hashicorp/aws\"]",
      "instances": [
        {
          "schema_version": 0,
          "attributes": {
            "id": "learning-media-lambda-image-role/arn:aws-us-gov:iam::050779347855:policy/CloudWatchLogsWriteLogs",
            "policy_arn": "arn:aws-us-gov:iam::050779347855:policy/CloudWatchLogsWriteLogs",
            "role": "learning-media-lambda-image-role"
          },
          "sensitive_attributes": []
        }
      ]
    },
    {
      "mode": "managed",
      "type": "aws_iam_role_policy_attachment",
      "name": "learning_media_lambda_image_role_policy_CloudWatchWriteMetrics",
      "provider": "provider[\"registry.terraform.io/hashicorp/aws\"]",
      "instances": [
        {
          "schema_version": 0,
          "attributes": {
            "id": "learning-media-lambda-image-role/arn:aws-us-gov:iam::050779347855:policy/CloudWatchWriteMetrics",
            "policy_arn": "arn:aws-us-gov:iam::050779347855:policy/CloudWatchWriteMetrics",
            "role": "learning-media-lambda-image-role"
          },
          "sensitive_attributes": []
        }
      ]
    },
    {
      "mode": "managed",
      "type": "aws_iam_role_policy_attachment",
      "name": "learning_media_lambda_image_role_policy_service_role_AWSLambdaVPCAccessExecutionRole",
      "provider": "provider[\"registry.terraform.io/hashicorp/aws\"]",
      "instances": [
        {
          "schema_version": 0,
          "attributes": {
            "id": "learning-media-lambda-image-role/arn:aws-us-gov:iam::aws:policy/service-role/AWSLambdaVPCAccessExecutionRole",
            "policy_arn": "arn:aws-us-gov:iam::aws:policy/service-role/AWSLambdaVPCAccessExecutionRole",
            "role": "learning-media-lambda-image-role"
          },
          "sensitive_attributes": []
        }
      ]
    },
    {
      "mode": "managed",
      "type": "aws_iam_role_policy_attachment",
      "name": "learning_media_metadata_update_role_policy_CloudWatchLogsWriteLogs",
      "provider": "provider[\"registry.terraform.io/hashicorp/aws\"]",
      "instances": [
        {
          "schema_version": 0,
          "attributes": {
            "id": "learning-media-metadata-update-role/arn:aws-us-gov:iam::050779347855:policy/CloudWatchLogsWriteLogs",
            "policy_arn": "arn:aws-us-gov:iam::050779347855:policy/CloudWatchLogsWriteLogs",
            "role": "learning-media-metadata-update-role"
          },
          "sensitive_attributes": []
        }
      ]
    },
    {
      "mode": "managed",
      "type": "aws_iam_role_policy_attachment",
      "name": "learning_media_pdf_processor_role_policy_CloudWatchLogsWriteLogs",
      "provider": "provider[\"registry.terraform.io/hashicorp/aws\"]",
      "instances": [
        {
          "schema_version": 0,
          "attributes": {
            "id": "learning-media-pdf-processor-role/arn:aws-us-gov:iam::050779347855:policy/CloudWatchLogsWriteLogs",
            "policy_arn": "arn:aws-us-gov:iam::050779347855:policy/CloudWatchLogsWriteLogs",
            "role": "learning-media-pdf-processor-role"
          },
          "sensitive_attributes": []
        }
      ]
    },
    {
      "mode": "managed",
      "type": "aws_iam_role_policy_attachment",
      "name": "learning_media_pdf_processor_role_policy_CloudWatchWriteMetrics",
      "provider": "provider[\"registry.terraform.io/hashicorp/aws\"]",
      "instances": [
        {
          "schema_version": 0,
          "attributes": {
            "id": "learning-media-pdf-processor-role/arn:aws-us-gov:iam::050779347855:policy/CloudWatchWriteMetrics",
            "policy_arn": "arn:aws-us-gov:iam::050779347855:policy/CloudWatchWriteMetrics",
            "role": "learning-media-pdf-processor-role"
          },
          "sensitive_attributes": []
        }
      ]
    },
    {
      "mode": "managed",
      "type": "aws_iam_role_policy_attachment",
      "name": "learning_media_pdf_processor_role_policy_service_role_AWSLambdaVPCAccessExecutionRole",
      "provider": "provider[\"registry.terraform.io/hashicorp/aws\"]",
      "instances": [
        {
          "schema_version": 0,
          "attributes": {
            "id": "learning-media-pdf-processor-role/arn:aws-us-gov:iam::aws:policy/service-role/AWSLambdaVPCAccessExecutionRole",
            "policy_arn": "arn:aws-us-gov:iam::aws:policy/service-role/AWSLambdaVPCAccessExecutionRole",
            "role": "learning-media-pdf-processor-role"
          },
          "sensitive_attributes": []
        }
      ]
    },
    {
      "mode": "managed",
      "type": "aws_iam_role_policy_attachment",
      "name": "rds_monitoring_role_policy_service_role_AmazonRDSEnhancedMonitoringRole",
      "provider": "provider[\"registry.terraform.io/hashicorp/aws\"]",
      "instances": [
        {
          "schema_version": 0,
          "attributes": {
            "id": "rds-monitoring-role/arn:aws-us-gov:iam::aws:policy/service-role/AmazonRDSEnhancedMonitoringRole",
            "policy_arn": "arn:aws-us-gov:iam::aws:policy/service-role/AmazonRDSEnhancedMonitoringRole",
            "role": "rds-monitoring-role"
          },
          "sensitive_attributes": []
        }
      ]
    },
    {
      "mode": "managed",
      "type": "aws_iam_role_policy_attachment",
      "name": "services_gateway_policy_AmazonSSMManagedInstanceCore",
      "provider": "provider[\"registry.terraform.io/hashicorp/aws\"]",
      "instances": [
        {
          "schema_version": 0,
          "attributes": {
            "id": "services-gateway/arn:aws-us-gov:iam::aws:policy/AmazonSSMManagedInstanceCore",
            "policy_arn": "arn:aws-us-gov:iam::aws:policy/AmazonSSMManagedInstanceCore",
            "role": "services-gateway"
          },
          "sensitive_attributes": []
        }
      ]
    },
    {
      "mode": "managed",
      "type": "aws_iam_role_policy_attachment",
      "name": "services_gateway_policy_CloudWatchLogsWriteLogs",
      "provider": "provider[\"registry.terraform.io/hashicorp/aws\"]",
      "instances": [
        {
          "schema_version": 0,
          "attributes": {
            "id": "services-gateway/arn:aws-us-gov:iam::050779347855:policy/CloudWatchLogsWriteLogs",
            "policy_arn": "arn:aws-us-gov:iam::050779347855:policy/CloudWatchLogsWriteLogs",
            "role": "services-gateway"
          },
          "sensitive_attributes": []
        }
      ]
    },
    {
      "mode": "managed",
      "type": "aws_iam_role_policy_attachment",
      "name": "services_gateway_policy_ElasticBeanstalkDeployedService",
      "provider": "provider[\"registry.terraform.io/hashicorp/aws\"]",
      "instances": [
        {
          "schema_version": 0,
          "attributes": {
            "id": "services-gateway/arn:aws-us-gov:iam::050779347855:policy/ElasticBeanstalkDeployedService",
            "policy_arn": "arn:aws-us-gov:iam::050779347855:policy/ElasticBeanstalkDeployedService",
            "role": "services-gateway"
          },
          "sensitive_attributes": []
        }
      ]
    },
    {
      "mode": "managed",
      "type": "aws_iam_role_policy_attachment",
      "name": "ses_notification_recorder_policy_CloudWatchLogsWriteLogs",
      "provider": "provider[\"registry.terraform.io/hashicorp/aws\"]",
      "instances": [
        {
          "schema_version": 0,
          "attributes": {
            "id": "ses-notification-recorder/arn:aws-us-gov:iam::050779347855:policy/CloudWatchLogsWriteLogs",
            "policy_arn": "arn:aws-us-gov:iam::050779347855:policy/CloudWatchLogsWriteLogs",
            "role": "ses-notification-recorder"
          },
          "sensitive_attributes": []
        }
      ]
    },
    {
      "mode": "managed",
      "type": "aws_iam_role_policy_attachment",
      "name": "slack_lambda_policy_AmazonSNSReadOnlyAccess",
      "provider": "provider[\"registry.terraform.io/hashicorp/aws\"]",
      "instances": [
        {
          "schema_version": 0,
          "attributes": {
            "id": "slack-lambda/arn:aws-us-gov:iam::aws:policy/AmazonSNSReadOnlyAccess",
            "policy_arn": "arn:aws-us-gov:iam::aws:policy/AmazonSNSReadOnlyAccess",
            "role": "slack-lambda"
          },
          "sensitive_attributes": []
        }
      ]
    },
    {
      "mode": "managed",
      "type": "aws_iam_role_policy_attachment",
      "name": "slack_lambda_policy_CloudWatchLogsWriteLogs",
      "provider": "provider[\"registry.terraform.io/hashicorp/aws\"]",
      "instances": [
        {
          "schema_version": 0,
          "attributes": {
            "id": "slack-lambda/arn:aws-us-gov:iam::050779347855:policy/CloudWatchLogsWriteLogs",
            "policy_arn": "arn:aws-us-gov:iam::050779347855:policy/CloudWatchLogsWriteLogs",
            "role": "slack-lambda"
          },
          "sensitive_attributes": []
        }
      ]
    },
    {
      "mode": "managed",
      "type": "aws_iam_role_policy_attachment",
      "name": "temp_admin_policy_AdministratorAccess",
      "provider": "provider[\"registry.terraform.io/hashicorp/aws\"]",
      "instances": [
        {
          "schema_version": 0,
          "attributes": {
            "id": "temp-admin/arn:aws-us-gov:iam::aws:policy/AdministratorAccess",
            "policy_arn": "arn:aws-us-gov:iam::aws:policy/AdministratorAccess",
            "role": "temp-admin"
          },
          "sensitive_attributes": []
        }
      ]
    },
    {
      "mode": "managed",
      "type": "aws_iam_role_policy_attachment",
      "name": "temp_admin_policy_SessionManagerMinimum",
      "provider": "provider[\"registry.terraform.io/hashicorp/aws\"]",
      "instances": [
        {
          "schema_version": 0,
          "attributes": {
            "id": "temp-admin/arn:aws-us-gov:iam::050779347855:policy/SessionManagerMinimum",
            "policy_arn": "arn:aws-us-gov:iam::050779347855:policy/SessionManagerMinimum",
            "role": "temp-admin"
          },
          "sensitive_attributes": []
        }
      ]
    },
    {
      "mode": "managed",
      "type": "aws_iam_role_policy_attachment",
      "name": "test_policy_AmazonElasticTranscoder_JobsSubmitter",
      "provider": "provider[\"registry.terraform.io/hashicorp/aws\"]",
      "instances": [
        {
          "schema_version": 0,
          "attributes": {
            "id": "test/arn:aws-us-gov:iam::050779347855:policy/AmazonElasticTranscoder_JobsSubmitter",
            "policy_arn": "arn:aws-us-gov:iam::050779347855:policy/AmazonElasticTranscoder_JobsSubmitter",
            "role": "test"
          },
          "sensitive_attributes": []
        }
      ]
    },
    {
      "mode": "managed",
      "type": "aws_iam_role_policy_attachment",
      "name": "web_app_assessment_service_policy_CloudWatchLogsWriteLogs",
      "provider": "provider[\"registry.terraform.io/hashicorp/aws\"]",
      "instances": [
        {
          "schema_version": 0,
          "attributes": {
            "id": "web-app-assessment-service/arn:aws-us-gov:iam::050779347855:policy/CloudWatchLogsWriteLogs",
            "policy_arn": "arn:aws-us-gov:iam::050779347855:policy/CloudWatchLogsWriteLogs",
            "role": "web-app-assessment-service"
          },
          "sensitive_attributes": []
        }
      ]
    },
    {
      "mode": "managed",
      "type": "aws_iam_role_policy_attachment",
      "name": "web_app_assessment_service_policy_CloudWatchWriteMetrics",
      "provider": "provider[\"registry.terraform.io/hashicorp/aws\"]",
      "instances": [
        {
          "schema_version": 0,
          "attributes": {
            "id": "web-app-assessment-service/arn:aws-us-gov:iam::050779347855:policy/CloudWatchWriteMetrics",
            "policy_arn": "arn:aws-us-gov:iam::050779347855:policy/CloudWatchWriteMetrics",
            "role": "web-app-assessment-service"
          },
          "sensitive_attributes": []
        }
      ]
    },
    {
      "mode": "managed",
      "type": "aws_iam_role_policy_attachment",
      "name": "web_app_badge_service_policy_CloudWatchLogsWriteLogs",
      "provider": "provider[\"registry.terraform.io/hashicorp/aws\"]",
      "instances": [
        {
          "schema_version": 0,
          "attributes": {
            "id": "web-app-badge-service/arn:aws-us-gov:iam::050779347855:policy/CloudWatchLogsWriteLogs",
            "policy_arn": "arn:aws-us-gov:iam::050779347855:policy/CloudWatchLogsWriteLogs",
            "role": "web-app-badge-service"
          },
          "sensitive_attributes": []
        }
      ]
    },
    {
      "mode": "managed",
      "type": "aws_iam_role_policy_attachment",
      "name": "web_app_badge_service_policy_CloudWatchWriteMetrics",
      "provider": "provider[\"registry.terraform.io/hashicorp/aws\"]",
      "instances": [
        {
          "schema_version": 0,
          "attributes": {
            "id": "web-app-badge-service/arn:aws-us-gov:iam::050779347855:policy/CloudWatchWriteMetrics",
            "policy_arn": "arn:aws-us-gov:iam::050779347855:policy/CloudWatchWriteMetrics",
            "role": "web-app-badge-service"
          },
          "sensitive_attributes": []
        }
      ]
    },
    {
      "mode": "managed",
      "type": "aws_iam_role_policy_attachment",
      "name": "web_app_badge_service_policy_ElasticSearchFullDomainAccess_ElasticSearchShared01",
      "provider": "provider[\"registry.terraform.io/hashicorp/aws\"]",
      "instances": [
        {
          "schema_version": 0,
          "attributes": {
            "id": "web-app-badge-service/arn:aws-us-gov:iam::050779347855:policy/ElasticSearchFullDomainAccess-ElasticSearchShared01",
            "policy_arn": "arn:aws-us-gov:iam::050779347855:policy/ElasticSearchFullDomainAccess-ElasticSearchShared01",
            "role": "web-app-badge-service"
          },
          "sensitive_attributes": []
        }
      ]
    },
    {
      "mode": "managed",
      "type": "aws_iam_role_policy_attachment",
      "name": "web_app_bitbucket_repositories_archiver_policy_CloudWatchLogsWriteLogs",
      "provider": "provider[\"registry.terraform.io/hashicorp/aws\"]",
      "instances": [
        {
          "schema_version": 0,
          "attributes": {
            "id": "web-app-bitbucket-repositories-archiver/arn:aws-us-gov:iam::050779347855:policy/CloudWatchLogsWriteLogs",
            "policy_arn": "arn:aws-us-gov:iam::050779347855:policy/CloudWatchLogsWriteLogs",
            "role": "web-app-bitbucket-repositories-archiver"
          },
          "sensitive_attributes": []
        }
      ]
    },
    {
      "mode": "managed",
      "type": "aws_iam_role_policy_attachment",
      "name": "web_app_book_parent_path_service_policy_CloudWatchLogsWriteLogs",
      "provider": "provider[\"registry.terraform.io/hashicorp/aws\"]",
      "instances": [
        {
          "schema_version": 0,
          "attributes": {
            "id": "web-app-book-parent-path-service/arn:aws-us-gov:iam::050779347855:policy/CloudWatchLogsWriteLogs",
            "policy_arn": "arn:aws-us-gov:iam::050779347855:policy/CloudWatchLogsWriteLogs",
            "role": "web-app-book-parent-path-service"
          },
          "sensitive_attributes": []
        }
      ]
    },
    {
      "mode": "managed",
      "type": "aws_iam_role_policy_attachment",
      "name": "web_app_book_parent_path_service_policy_CloudWatchWriteMetrics",
      "provider": "provider[\"registry.terraform.io/hashicorp/aws\"]",
      "instances": [
        {
          "schema_version": 0,
          "attributes": {
            "id": "web-app-book-parent-path-service/arn:aws-us-gov:iam::050779347855:policy/CloudWatchWriteMetrics",
            "policy_arn": "arn:aws-us-gov:iam::050779347855:policy/CloudWatchWriteMetrics",
            "role": "web-app-book-parent-path-service"
          },
          "sensitive_attributes": []
        }
      ]
    },
    {
      "mode": "managed",
      "type": "aws_iam_role_policy_attachment",
      "name": "web_app_book_service_policy_AmazonSSMManagedInstanceCore",
      "provider": "provider[\"registry.terraform.io/hashicorp/aws\"]",
      "instances": [
        {
          "schema_version": 0,
          "attributes": {
            "id": "web-app-book-service/arn:aws-us-gov:iam::aws:policy/AmazonSSMManagedInstanceCore",
            "policy_arn": "arn:aws-us-gov:iam::aws:policy/AmazonSSMManagedInstanceCore",
            "role": "web-app-book-service"
          },
          "sensitive_attributes": []
        }
      ]
    },
    {
      "mode": "managed",
      "type": "aws_iam_role_policy_attachment",
      "name": "web_app_book_service_policy_ElasticBeanstalkDeployedService",
      "provider": "provider[\"registry.terraform.io/hashicorp/aws\"]",
      "instances": [
        {
          "schema_version": 0,
          "attributes": {
            "id": "web-app-book-service/arn:aws-us-gov:iam::050779347855:policy/ElasticBeanstalkDeployedService",
            "policy_arn": "arn:aws-us-gov:iam::050779347855:policy/ElasticBeanstalkDeployedService",
            "role": "web-app-book-service"
          },
          "sensitive_attributes": []
        }
      ]
    },
    {
      "mode": "managed",
      "type": "aws_iam_role_policy_attachment",
      "name": "web_app_book_tree_service_policy_CloudWatchLogsWriteLogs",
      "provider": "provider[\"registry.terraform.io/hashicorp/aws\"]",
      "instances": [
        {
          "schema_version": 0,
          "attributes": {
            "id": "web-app-book-tree-service/arn:aws-us-gov:iam::050779347855:policy/CloudWatchLogsWriteLogs",
            "policy_arn": "arn:aws-us-gov:iam::050779347855:policy/CloudWatchLogsWriteLogs",
            "role": "web-app-book-tree-service"
          },
          "sensitive_attributes": []
        }
      ]
    },
    {
      "mode": "managed",
      "type": "aws_iam_role_policy_attachment",
      "name": "web_app_book_tree_service_policy_CloudWatchWriteMetrics",
      "provider": "provider[\"registry.terraform.io/hashicorp/aws\"]",
      "instances": [
        {
          "schema_version": 0,
          "attributes": {
            "id": "web-app-book-tree-service/arn:aws-us-gov:iam::050779347855:policy/CloudWatchWriteMetrics",
            "policy_arn": "arn:aws-us-gov:iam::050779347855:policy/CloudWatchWriteMetrics",
            "role": "web-app-book-tree-service"
          },
          "sensitive_attributes": []
        }
      ]
    },
    {
      "mode": "managed",
      "type": "aws_iam_role_policy_attachment",
      "name": "web_app_builder_find_bundled_works_task_policy_CloudWatchLogsWriteLogs",
      "provider": "provider[\"registry.terraform.io/hashicorp/aws\"]",
      "instances": [
        {
          "schema_version": 0,
          "attributes": {
            "id": "web-app-builder-find-bundled-works-task/arn:aws-us-gov:iam::050779347855:policy/CloudWatchLogsWriteLogs",
            "policy_arn": "arn:aws-us-gov:iam::050779347855:policy/CloudWatchLogsWriteLogs",
            "role": "web-app-builder-find-bundled-works-task"
          },
          "sensitive_attributes": []
        }
      ]
    },
    {
      "mode": "managed",
      "type": "aws_iam_role_policy_attachment",
      "name": "web_app_builder_find_bundled_works_task_policy_CloudWatchWriteMetrics",
      "provider": "provider[\"registry.terraform.io/hashicorp/aws\"]",
      "instances": [
        {
          "schema_version": 0,
          "attributes": {
            "id": "web-app-builder-find-bundled-works-task/arn:aws-us-gov:iam::050779347855:policy/CloudWatchWriteMetrics",
            "policy_arn": "arn:aws-us-gov:iam::050779347855:policy/CloudWatchWriteMetrics",
            "role": "web-app-builder-find-bundled-works-task"
          },
          "sensitive_attributes": []
        }
      ]
    },
    {
      "mode": "managed",
      "type": "aws_iam_role_policy_attachment",
      "name": "web_app_builder_publish_bundled_works_task_policy_CloudWatchLogsWriteLogs",
      "provider": "provider[\"registry.terraform.io/hashicorp/aws\"]",
      "instances": [
        {
          "schema_version": 0,
          "attributes": {
            "id": "web-app-builder-publish-bundled-works-task/arn:aws-us-gov:iam::050779347855:policy/CloudWatchLogsWriteLogs",
            "policy_arn": "arn:aws-us-gov:iam::050779347855:policy/CloudWatchLogsWriteLogs",
            "role": "web-app-builder-publish-bundled-works-task"
          },
          "sensitive_attributes": []
        }
      ]
    },
    {
      "mode": "managed",
      "type": "aws_iam_role_policy_attachment",
      "name": "web_app_builder_publish_bundled_works_task_policy_CloudWatchWriteMetrics",
      "provider": "provider[\"registry.terraform.io/hashicorp/aws\"]",
      "instances": [
        {
          "schema_version": 0,
          "attributes": {
            "id": "web-app-builder-publish-bundled-works-task/arn:aws-us-gov:iam::050779347855:policy/CloudWatchWriteMetrics",
            "policy_arn": "arn:aws-us-gov:iam::050779347855:policy/CloudWatchWriteMetrics",
            "role": "web-app-builder-publish-bundled-works-task"
          },
          "sensitive_attributes": []
        }
      ]
    },
    {
      "mode": "managed",
      "type": "aws_iam_role_policy_attachment",
      "name": "web_app_builder_publisher_task_policy_CloudWatchLogsWriteLogs",
      "provider": "provider[\"registry.terraform.io/hashicorp/aws\"]",
      "instances": [
        {
          "schema_version": 0,
          "attributes": {
            "id": "web-app-builder-publisher-task/arn:aws-us-gov:iam::050779347855:policy/CloudWatchLogsWriteLogs",
            "policy_arn": "arn:aws-us-gov:iam::050779347855:policy/CloudWatchLogsWriteLogs",
            "role": "web-app-builder-publisher-task"
          },
          "sensitive_attributes": []
        }
      ]
    },
    {
      "mode": "managed",
      "type": "aws_iam_role_policy_attachment",
      "name": "web_app_builder_publisher_task_policy_CloudWatchWriteMetrics",
      "provider": "provider[\"registry.terraform.io/hashicorp/aws\"]",
      "instances": [
        {
          "schema_version": 0,
          "attributes": {
            "id": "web-app-builder-publisher-task/arn:aws-us-gov:iam::050779347855:policy/CloudWatchWriteMetrics",
            "policy_arn": "arn:aws-us-gov:iam::050779347855:policy/CloudWatchWriteMetrics",
            "role": "web-app-builder-publisher-task"
          },
          "sensitive_attributes": []
        }
      ]
    },
    {
      "mode": "managed",
      "type": "aws_iam_role_policy_attachment",
      "name": "web_app_builder_service_policy_CloudWatchLogsWriteLogs",
      "provider": "provider[\"registry.terraform.io/hashicorp/aws\"]",
      "instances": [
        {
          "schema_version": 0,
          "attributes": {
            "id": "web-app-builder-service/arn:aws-us-gov:iam::050779347855:policy/CloudWatchLogsWriteLogs",
            "policy_arn": "arn:aws-us-gov:iam::050779347855:policy/CloudWatchLogsWriteLogs",
            "role": "web-app-builder-service"
          },
          "sensitive_attributes": []
        }
      ]
    },
    {
      "mode": "managed",
      "type": "aws_iam_role_policy_attachment",
      "name": "web_app_builder_service_policy_CloudWatchWriteMetrics",
      "provider": "provider[\"registry.terraform.io/hashicorp/aws\"]",
      "instances": [
        {
          "schema_version": 0,
          "attributes": {
            "id": "web-app-builder-service/arn:aws-us-gov:iam::050779347855:policy/CloudWatchWriteMetrics",
            "policy_arn": "arn:aws-us-gov:iam::050779347855:policy/CloudWatchWriteMetrics",
            "role": "web-app-builder-service"
          },
          "sensitive_attributes": []
        }
      ]
    },
    {
      "mode": "managed",
      "type": "aws_iam_role_policy_attachment",
      "name": "web_app_builder_sqs_task_policy_CloudWatchLogsWriteLogs",
      "provider": "provider[\"registry.terraform.io/hashicorp/aws\"]",
      "instances": [
        {
          "schema_version": 0,
          "attributes": {
            "id": "web-app-builder-sqs-task/arn:aws-us-gov:iam::050779347855:policy/CloudWatchLogsWriteLogs",
            "policy_arn": "arn:aws-us-gov:iam::050779347855:policy/CloudWatchLogsWriteLogs",
            "role": "web-app-builder-sqs-task"
          },
          "sensitive_attributes": []
        }
      ]
    },
    {
      "mode": "managed",
      "type": "aws_iam_role_policy_attachment",
      "name": "web_app_builder_sqs_task_policy_CloudWatchWriteMetrics",
      "provider": "provider[\"registry.terraform.io/hashicorp/aws\"]",
      "instances": [
        {
          "schema_version": 0,
          "attributes": {
            "id": "web-app-builder-sqs-task/arn:aws-us-gov:iam::050779347855:policy/CloudWatchWriteMetrics",
            "policy_arn": "arn:aws-us-gov:iam::050779347855:policy/CloudWatchWriteMetrics",
            "role": "web-app-builder-sqs-task"
          },
          "sensitive_attributes": []
        }
      ]
    },
    {
      "mode": "managed",
      "type": "aws_iam_role_policy_attachment",
      "name": "web_app_chat_allogy_server_policy_CloudWatchLogsWriteLogs",
      "provider": "provider[\"registry.terraform.io/hashicorp/aws\"]",
      "instances": [
        {
          "schema_version": 0,
          "attributes": {
            "id": "web-app-chat-allogy-server/arn:aws-us-gov:iam::050779347855:policy/CloudWatchLogsWriteLogs",
            "policy_arn": "arn:aws-us-gov:iam::050779347855:policy/CloudWatchLogsWriteLogs",
            "role": "web-app-chat-allogy-server"
          },
          "sensitive_attributes": []
        }
      ]
    },
    {
      "mode": "managed",
      "type": "aws_iam_role_policy_attachment",
      "name": "web_app_chat_allogy_server_policy_CloudWatchWriteMetrics",
      "provider": "provider[\"registry.terraform.io/hashicorp/aws\"]",
      "instances": [
        {
          "schema_version": 0,
          "attributes": {
            "id": "web-app-chat-allogy-server/arn:aws-us-gov:iam::050779347855:policy/CloudWatchWriteMetrics",
            "policy_arn": "arn:aws-us-gov:iam::050779347855:policy/CloudWatchWriteMetrics",
            "role": "web-app-chat-allogy-server"
          },
          "sensitive_attributes": []
        }
      ]
    },
    {
      "mode": "managed",
      "type": "aws_iam_role_policy_attachment",
      "name": "web_app_code_service_policy_CloudWatchLogsWriteLogs",
      "provider": "provider[\"registry.terraform.io/hashicorp/aws\"]",
      "instances": [
        {
          "schema_version": 0,
          "attributes": {
            "id": "web-app-code-service/arn:aws-us-gov:iam::050779347855:policy/CloudWatchLogsWriteLogs",
            "policy_arn": "arn:aws-us-gov:iam::050779347855:policy/CloudWatchLogsWriteLogs",
            "role": "web-app-code-service"
          },
          "sensitive_attributes": []
        }
      ]
    },
    {
      "mode": "managed",
      "type": "aws_iam_role_policy_attachment",
      "name": "web_app_collaboration_person_service_policy_AmazonSSMManagedInstanceCore",
      "provider": "provider[\"registry.terraform.io/hashicorp/aws\"]",
      "instances": [
        {
          "schema_version": 0,
          "attributes": {
            "id": "web-app-collaboration-person-service/arn:aws-us-gov:iam::aws:policy/AmazonSSMManagedInstanceCore",
            "policy_arn": "arn:aws-us-gov:iam::aws:policy/AmazonSSMManagedInstanceCore",
            "role": "web-app-collaboration-person-service"
          },
          "sensitive_attributes": []
        }
      ]
    },
    {
      "mode": "managed",
      "type": "aws_iam_role_policy_attachment",
      "name": "web_app_collaboration_person_service_policy_ElasticBeanstalkDeployedService",
      "provider": "provider[\"registry.terraform.io/hashicorp/aws\"]",
      "instances": [
        {
          "schema_version": 0,
          "attributes": {
            "id": "web-app-collaboration-person-service/arn:aws-us-gov:iam::050779347855:policy/ElasticBeanstalkDeployedService",
            "policy_arn": "arn:aws-us-gov:iam::050779347855:policy/ElasticBeanstalkDeployedService",
            "role": "web-app-collaboration-person-service"
          },
          "sensitive_attributes": []
        }
      ]
    },
    {
      "mode": "managed",
      "type": "aws_iam_role_policy_attachment",
      "name": "web_app_collections_space_service_policy_CloudWatchLogsWriteLogs",
      "provider": "provider[\"registry.terraform.io/hashicorp/aws\"]",
      "instances": [
        {
          "schema_version": 0,
          "attributes": {
            "id": "web-app-collections-space-service/arn:aws-us-gov:iam::050779347855:policy/CloudWatchLogsWriteLogs",
            "policy_arn": "arn:aws-us-gov:iam::050779347855:policy/CloudWatchLogsWriteLogs",
            "role": "web-app-collections-space-service"
          },
          "sensitive_attributes": []
        }
      ]
    },
    {
      "mode": "managed",
      "type": "aws_iam_role_policy_attachment",
      "name": "web_app_collections_space_service_policy_CloudWatchWriteMetrics",
      "provider": "provider[\"registry.terraform.io/hashicorp/aws\"]",
      "instances": [
        {
          "schema_version": 0,
          "attributes": {
            "id": "web-app-collections-space-service/arn:aws-us-gov:iam::050779347855:policy/CloudWatchWriteMetrics",
            "policy_arn": "arn:aws-us-gov:iam::050779347855:policy/CloudWatchWriteMetrics",
            "role": "web-app-collections-space-service"
          },
          "sensitive_attributes": []
        }
      ]
    },
    {
      "mode": "managed",
      "type": "aws_iam_role_policy_attachment",
      "name": "web_app_content_download_analytics_service_policy_CloudWatchLogsWriteLogs",
      "provider": "provider[\"registry.terraform.io/hashicorp/aws\"]",
      "instances": [
        {
          "schema_version": 0,
          "attributes": {
            "id": "web-app-content-download-analytics-service/arn:aws-us-gov:iam::050779347855:policy/CloudWatchLogsWriteLogs",
            "policy_arn": "arn:aws-us-gov:iam::050779347855:policy/CloudWatchLogsWriteLogs",
            "role": "web-app-content-download-analytics-service"
          },
          "sensitive_attributes": []
        }
      ]
    },
    {
      "mode": "managed",
      "type": "aws_iam_role_policy_attachment",
      "name": "web_app_content_download_analytics_service_policy_CloudWatchWriteMetrics",
      "provider": "provider[\"registry.terraform.io/hashicorp/aws\"]",
      "instances": [
        {
          "schema_version": 0,
          "attributes": {
            "id": "web-app-content-download-analytics-service/arn:aws-us-gov:iam::050779347855:policy/CloudWatchWriteMetrics",
            "policy_arn": "arn:aws-us-gov:iam::050779347855:policy/CloudWatchWriteMetrics",
            "role": "web-app-content-download-analytics-service"
          },
          "sensitive_attributes": []
        }
      ]
    },
    {
      "mode": "managed",
      "type": "aws_iam_role_policy_attachment",
      "name": "web_app_course_certificate_pdf_service_policy_CloudWatchLogsWriteLogs",
      "provider": "provider[\"registry.terraform.io/hashicorp/aws\"]",
      "instances": [
        {
          "schema_version": 0,
          "attributes": {
            "id": "web-app-course-certificate-pdf-service/arn:aws-us-gov:iam::050779347855:policy/CloudWatchLogsWriteLogs",
            "policy_arn": "arn:aws-us-gov:iam::050779347855:policy/CloudWatchLogsWriteLogs",
            "role": "web-app-course-certificate-pdf-service"
          },
          "sensitive_attributes": []
        }
      ]
    },
    {
      "mode": "managed",
      "type": "aws_iam_role_policy_attachment",
      "name": "web_app_course_certificate_pdf_service_policy_CloudWatchWriteMetrics",
      "provider": "provider[\"registry.terraform.io/hashicorp/aws\"]",
      "instances": [
        {
          "schema_version": 0,
          "attributes": {
            "id": "web-app-course-certificate-pdf-service/arn:aws-us-gov:iam::050779347855:policy/CloudWatchWriteMetrics",
            "policy_arn": "arn:aws-us-gov:iam::050779347855:policy/CloudWatchWriteMetrics",
            "role": "web-app-course-certificate-pdf-service"
          },
          "sensitive_attributes": []
        }
      ]
    },
    {
      "mode": "managed",
      "type": "aws_iam_role_policy_attachment",
      "name": "web_app_course_content_progress_service_policy_CloudWatchLogsWriteLogs",
      "provider": "provider[\"registry.terraform.io/hashicorp/aws\"]",
      "instances": [
        {
          "schema_version": 0,
          "attributes": {
            "id": "web-app-course-content-progress-service/arn:aws-us-gov:iam::050779347855:policy/CloudWatchLogsWriteLogs",
            "policy_arn": "arn:aws-us-gov:iam::050779347855:policy/CloudWatchLogsWriteLogs",
            "role": "web-app-course-content-progress-service"
          },
          "sensitive_attributes": []
        }
      ]
    },
    {
      "mode": "managed",
      "type": "aws_iam_role_policy_attachment",
      "name": "web_app_course_content_progress_service_policy_CloudWatchWriteMetrics",
      "provider": "provider[\"registry.terraform.io/hashicorp/aws\"]",
      "instances": [
        {
          "schema_version": 0,
          "attributes": {
            "id": "web-app-course-content-progress-service/arn:aws-us-gov:iam::050779347855:policy/CloudWatchWriteMetrics",
            "policy_arn": "arn:aws-us-gov:iam::050779347855:policy/CloudWatchWriteMetrics",
            "role": "web-app-course-content-progress-service"
          },
          "sensitive_attributes": []
        }
      ]
    },
    {
      "mode": "managed",
      "type": "aws_iam_role_policy_attachment",
      "name": "web_app_course_instance_publisher_task_policy_CloudWatchLogsWriteLogs",
      "provider": "provider[\"registry.terraform.io/hashicorp/aws\"]",
      "instances": [
        {
          "schema_version": 0,
          "attributes": {
            "id": "web-app-course-instance-publisher-task/arn:aws-us-gov:iam::050779347855:policy/CloudWatchLogsWriteLogs",
            "policy_arn": "arn:aws-us-gov:iam::050779347855:policy/CloudWatchLogsWriteLogs",
            "role": "web-app-course-instance-publisher-task"
          },
          "sensitive_attributes": []
        }
      ]
    },
    {
      "mode": "managed",
      "type": "aws_iam_role_policy_attachment",
      "name": "web_app_course_instance_publisher_task_policy_CloudWatchWriteMetrics",
      "provider": "provider[\"registry.terraform.io/hashicorp/aws\"]",
      "instances": [
        {
          "schema_version": 0,
          "attributes": {
            "id": "web-app-course-instance-publisher-task/arn:aws-us-gov:iam::050779347855:policy/CloudWatchWriteMetrics",
            "policy_arn": "arn:aws-us-gov:iam::050779347855:policy/CloudWatchWriteMetrics",
            "role": "web-app-course-instance-publisher-task"
          },
          "sensitive_attributes": []
        }
      ]
    },
    {
      "mode": "managed",
      "type": "aws_iam_role_policy_attachment",
      "name": "web_app_course_instance_service_policy_CloudWatchLogsWriteLogs",
      "provider": "provider[\"registry.terraform.io/hashicorp/aws\"]",
      "instances": [
        {
          "schema_version": 0,
          "attributes": {
            "id": "web-app-course-instance-service/arn:aws-us-gov:iam::050779347855:policy/CloudWatchLogsWriteLogs",
            "policy_arn": "arn:aws-us-gov:iam::050779347855:policy/CloudWatchLogsWriteLogs",
            "role": "web-app-course-instance-service"
          },
          "sensitive_attributes": []
        }
      ]
    },
    {
      "mode": "managed",
      "type": "aws_iam_role_policy_attachment",
      "name": "web_app_course_instance_service_policy_CloudWatchWriteMetrics",
      "provider": "provider[\"registry.terraform.io/hashicorp/aws\"]",
      "instances": [
        {
          "schema_version": 0,
          "attributes": {
            "id": "web-app-course-instance-service/arn:aws-us-gov:iam::050779347855:policy/CloudWatchWriteMetrics",
            "policy_arn": "arn:aws-us-gov:iam::050779347855:policy/CloudWatchWriteMetrics",
            "role": "web-app-course-instance-service"
          },
          "sensitive_attributes": []
        }
      ]
    },
    {
      "mode": "managed",
      "type": "aws_iam_role_policy_attachment",
      "name": "web_app_creator_graphql_api_policy_CloudWatchLogsWriteLogs",
      "provider": "provider[\"registry.terraform.io/hashicorp/aws\"]",
      "instances": [
        {
          "schema_version": 0,
          "attributes": {
            "id": "web-app-creator-graphql-api/arn:aws-us-gov:iam::050779347855:policy/CloudWatchLogsWriteLogs",
            "policy_arn": "arn:aws-us-gov:iam::050779347855:policy/CloudWatchLogsWriteLogs",
            "role": "web-app-creator-graphql-api"
          },
          "sensitive_attributes": []
        }
      ]
    },
    {
      "mode": "managed",
      "type": "aws_iam_role_policy_attachment",
      "name": "web_app_creator_graphql_api_policy_CloudWatchWriteMetrics",
      "provider": "provider[\"registry.terraform.io/hashicorp/aws\"]",
      "instances": [
        {
          "schema_version": 0,
          "attributes": {
            "id": "web-app-creator-graphql-api/arn:aws-us-gov:iam::050779347855:policy/CloudWatchWriteMetrics",
            "policy_arn": "arn:aws-us-gov:iam::050779347855:policy/CloudWatchWriteMetrics",
            "role": "web-app-creator-graphql-api"
          },
          "sensitive_attributes": []
        }
      ]
    },
    {
      "mode": "managed",
      "type": "aws_iam_role_policy_attachment",
      "name": "web_app_creator_settings_service_policy_CloudWatchLogsWriteLogs",
      "provider": "provider[\"registry.terraform.io/hashicorp/aws\"]",
      "instances": [
        {
          "schema_version": 0,
          "attributes": {
            "id": "web-app-creator-settings-service/arn:aws-us-gov:iam::050779347855:policy/CloudWatchLogsWriteLogs",
            "policy_arn": "arn:aws-us-gov:iam::050779347855:policy/CloudWatchLogsWriteLogs",
            "role": "web-app-creator-settings-service"
          },
          "sensitive_attributes": []
        }
      ]
    },
    {
      "mode": "managed",
      "type": "aws_iam_role_policy_attachment",
      "name": "web_app_creator_user_settings_service_policy_CloudWatchLogsWriteLogs",
      "provider": "provider[\"registry.terraform.io/hashicorp/aws\"]",
      "instances": [
        {
          "schema_version": 0,
          "attributes": {
            "id": "web-app-creator-user-settings-service/arn:aws-us-gov:iam::050779347855:policy/CloudWatchLogsWriteLogs",
            "policy_arn": "arn:aws-us-gov:iam::050779347855:policy/CloudWatchLogsWriteLogs",
            "role": "web-app-creator-user-settings-service"
          },
          "sensitive_attributes": []
        }
      ]
    },
    {
      "mode": "managed",
      "type": "aws_iam_role_policy_attachment",
      "name": "web_app_creator_user_settings_service_policy_CloudWatchWriteMetrics",
      "provider": "provider[\"registry.terraform.io/hashicorp/aws\"]",
      "instances": [
        {
          "schema_version": 0,
          "attributes": {
            "id": "web-app-creator-user-settings-service/arn:aws-us-gov:iam::050779347855:policy/CloudWatchWriteMetrics",
            "policy_arn": "arn:aws-us-gov:iam::050779347855:policy/CloudWatchWriteMetrics",
            "role": "web-app-creator-user-settings-service"
          },
          "sensitive_attributes": []
        }
      ]
    },
    {
      "mode": "managed",
      "type": "aws_iam_role_policy_attachment",
      "name": "web_app_dbt_clinician_web_policy_AmazonSSMManagedInstanceCore",
      "provider": "provider[\"registry.terraform.io/hashicorp/aws\"]",
      "instances": [
        {
          "schema_version": 0,
          "attributes": {
            "id": "web-app-dbt-clinician-web/arn:aws-us-gov:iam::aws:policy/AmazonSSMManagedInstanceCore",
            "policy_arn": "arn:aws-us-gov:iam::aws:policy/AmazonSSMManagedInstanceCore",
            "role": "web-app-dbt-clinician-web"
          },
          "sensitive_attributes": []
        }
      ]
    },
    {
      "mode": "managed",
      "type": "aws_iam_role_policy_attachment",
      "name": "web_app_dbt_clinician_web_policy_CloudWatchLogsWriteLogs",
      "provider": "provider[\"registry.terraform.io/hashicorp/aws\"]",
      "instances": [
        {
          "schema_version": 0,
          "attributes": {
            "id": "web-app-dbt-clinician-web/arn:aws-us-gov:iam::050779347855:policy/CloudWatchLogsWriteLogs",
            "policy_arn": "arn:aws-us-gov:iam::050779347855:policy/CloudWatchLogsWriteLogs",
            "role": "web-app-dbt-clinician-web"
          },
          "sensitive_attributes": []
        }
      ]
    },
    {
      "mode": "managed",
      "type": "aws_iam_role_policy_attachment",
      "name": "web_app_dbt_clinician_web_policy_ElasticBeanstalkDeployedService",
      "provider": "provider[\"registry.terraform.io/hashicorp/aws\"]",
      "instances": [
        {
          "schema_version": 0,
          "attributes": {
            "id": "web-app-dbt-clinician-web/arn:aws-us-gov:iam::050779347855:policy/ElasticBeanstalkDeployedService",
            "policy_arn": "arn:aws-us-gov:iam::050779347855:policy/ElasticBeanstalkDeployedService",
            "role": "web-app-dbt-clinician-web"
          },
          "sensitive_attributes": []
        }
      ]
    },
    {
      "mode": "managed",
      "type": "aws_iam_role_policy_attachment",
      "name": "web_app_dbt_form_processor_policy_CloudWatchLogsWriteLogs",
      "provider": "provider[\"registry.terraform.io/hashicorp/aws\"]",
      "instances": [
        {
          "schema_version": 0,
          "attributes": {
            "id": "web-app-dbt-form-processor/arn:aws-us-gov:iam::050779347855:policy/CloudWatchLogsWriteLogs",
            "policy_arn": "arn:aws-us-gov:iam::050779347855:policy/CloudWatchLogsWriteLogs",
            "role": "web-app-dbt-form-processor"
          },
          "sensitive_attributes": []
        }
      ]
    },
    {
      "mode": "managed",
      "type": "aws_iam_role_policy_attachment",
      "name": "web_app_domain_model_service_policy_CloudWatchLogsWriteLogs",
      "provider": "provider[\"registry.terraform.io/hashicorp/aws\"]",
      "instances": [
        {
          "schema_version": 0,
          "attributes": {
            "id": "web-app-domain-model-service/arn:aws-us-gov:iam::050779347855:policy/CloudWatchLogsWriteLogs",
            "policy_arn": "arn:aws-us-gov:iam::050779347855:policy/CloudWatchLogsWriteLogs",
            "role": "web-app-domain-model-service"
          },
          "sensitive_attributes": []
        }
      ]
    },
    {
      "mode": "managed",
      "type": "aws_iam_role_policy_attachment",
      "name": "web_app_domain_model_service_policy_CloudWatchWriteMetrics",
      "provider": "provider[\"registry.terraform.io/hashicorp/aws\"]",
      "instances": [
        {
          "schema_version": 0,
          "attributes": {
            "id": "web-app-domain-model-service/arn:aws-us-gov:iam::050779347855:policy/CloudWatchWriteMetrics",
            "policy_arn": "arn:aws-us-gov:iam::050779347855:policy/CloudWatchWriteMetrics",
            "role": "web-app-domain-model-service"
          },
          "sensitive_attributes": []
        }
      ]
    },
    {
      "mode": "managed",
      "type": "aws_iam_role_policy_attachment",
      "name": "web_app_event_tracking_service_policy_CloudWatchLogsWriteLogs",
      "provider": "provider[\"registry.terraform.io/hashicorp/aws\"]",
      "instances": [
        {
          "schema_version": 0,
          "attributes": {
            "id": "web-app-event-tracking-service/arn:aws-us-gov:iam::050779347855:policy/CloudWatchLogsWriteLogs",
            "policy_arn": "arn:aws-us-gov:iam::050779347855:policy/CloudWatchLogsWriteLogs",
            "role": "web-app-event-tracking-service"
          },
          "sensitive_attributes": []
        }
      ]
    },
    {
      "mode": "managed",
      "type": "aws_iam_role_policy_attachment",
      "name": "web_app_event_tracking_service_policy_CloudWatchWriteMetrics",
      "provider": "provider[\"registry.terraform.io/hashicorp/aws\"]",
      "instances": [
        {
          "schema_version": 0,
          "attributes": {
            "id": "web-app-event-tracking-service/arn:aws-us-gov:iam::050779347855:policy/CloudWatchWriteMetrics",
            "policy_arn": "arn:aws-us-gov:iam::050779347855:policy/CloudWatchWriteMetrics",
            "role": "web-app-event-tracking-service"
          },
          "sensitive_attributes": []
        }
      ]
    },
    {
      "mode": "managed",
      "type": "aws_iam_role_policy_attachment",
      "name": "web_app_external_app_service_policy_CloudWatchLogsWriteLogs",
      "provider": "provider[\"registry.terraform.io/hashicorp/aws\"]",
      "instances": [
        {
          "schema_version": 0,
          "attributes": {
            "id": "web-app-external-app-service/arn:aws-us-gov:iam::050779347855:policy/CloudWatchLogsWriteLogs",
            "policy_arn": "arn:aws-us-gov:iam::050779347855:policy/CloudWatchLogsWriteLogs",
            "role": "web-app-external-app-service"
          },
          "sensitive_attributes": []
        }
      ]
    },
    {
      "mode": "managed",
      "type": "aws_iam_role_policy_attachment",
      "name": "web_app_external_app_service_policy_CloudWatchWriteMetrics",
      "provider": "provider[\"registry.terraform.io/hashicorp/aws\"]",
      "instances": [
        {
          "schema_version": 0,
          "attributes": {
            "id": "web-app-external-app-service/arn:aws-us-gov:iam::050779347855:policy/CloudWatchWriteMetrics",
            "policy_arn": "arn:aws-us-gov:iam::050779347855:policy/CloudWatchWriteMetrics",
            "role": "web-app-external-app-service"
          },
          "sensitive_attributes": []
        }
      ]
    },
    {
      "mode": "managed",
      "type": "aws_iam_role_policy_attachment",
      "name": "web_app_form_service_policy_AmazonSSMManagedInstanceCore",
      "provider": "provider[\"registry.terraform.io/hashicorp/aws\"]",
      "instances": [
        {
          "schema_version": 0,
          "attributes": {
            "id": "web-app-form-service/arn:aws-us-gov:iam::aws:policy/AmazonSSMManagedInstanceCore",
            "policy_arn": "arn:aws-us-gov:iam::aws:policy/AmazonSSMManagedInstanceCore",
            "role": "web-app-form-service"
          },
          "sensitive_attributes": []
        }
      ]
    },
    {
      "mode": "managed",
      "type": "aws_iam_role_policy_attachment",
      "name": "web_app_form_service_policy_ElasticBeanstalkDeployedService",
      "provider": "provider[\"registry.terraform.io/hashicorp/aws\"]",
      "instances": [
        {
          "schema_version": 0,
          "attributes": {
            "id": "web-app-form-service/arn:aws-us-gov:iam::050779347855:policy/ElasticBeanstalkDeployedService",
            "policy_arn": "arn:aws-us-gov:iam::050779347855:policy/ElasticBeanstalkDeployedService",
            "role": "web-app-form-service"
          },
          "sensitive_attributes": []
        }
      ]
    },
    {
      "mode": "managed",
      "type": "aws_iam_role_policy_attachment",
      "name": "web_app_gateway_policy_AWSElasticBeanstalkWebTier",
      "provider": "provider[\"registry.terraform.io/hashicorp/aws\"]",
      "instances": [
        {
          "schema_version": 0,
          "attributes": {
            "id": "web-app-gateway/arn:aws-us-gov:iam::aws:policy/AWSElasticBeanstalkWebTier",
            "policy_arn": "arn:aws-us-gov:iam::aws:policy/AWSElasticBeanstalkWebTier",
            "role": "web-app-gateway"
          },
          "sensitive_attributes": []
        }
      ]
    },
    {
      "mode": "managed",
      "type": "aws_iam_role_policy_attachment",
      "name": "web_app_gateway_policy_AmazonSSMManagedInstanceCore",
      "provider": "provider[\"registry.terraform.io/hashicorp/aws\"]",
      "instances": [
        {
          "schema_version": 0,
          "attributes": {
            "id": "web-app-gateway/arn:aws-us-gov:iam::aws:policy/AmazonSSMManagedInstanceCore",
            "policy_arn": "arn:aws-us-gov:iam::aws:policy/AmazonSSMManagedInstanceCore",
            "role": "web-app-gateway"
          },
          "sensitive_attributes": []
        }
      ]
    },
    {
      "mode": "managed",
      "type": "aws_iam_role_policy_attachment",
      "name": "web_app_gateway_policy_CloudWatchLogsWriteLogs",
      "provider": "provider[\"registry.terraform.io/hashicorp/aws\"]",
      "instances": [
        {
          "schema_version": 0,
          "attributes": {
            "id": "web-app-gateway/arn:aws-us-gov:iam::050779347855:policy/CloudWatchLogsWriteLogs",
            "policy_arn": "arn:aws-us-gov:iam::050779347855:policy/CloudWatchLogsWriteLogs",
            "role": "web-app-gateway"
          },
          "sensitive_attributes": []
        }
      ]
    },
    {
      "mode": "managed",
      "type": "aws_iam_role_policy_attachment",
      "name": "web_app_gateway_policy_CloudWatchWriteMetrics",
      "provider": "provider[\"registry.terraform.io/hashicorp/aws\"]",
      "instances": [
        {
          "schema_version": 0,
          "attributes": {
            "id": "web-app-gateway/arn:aws-us-gov:iam::050779347855:policy/CloudWatchWriteMetrics",
            "policy_arn": "arn:aws-us-gov:iam::050779347855:policy/CloudWatchWriteMetrics",
            "role": "web-app-gateway"
          },
          "sensitive_attributes": []
        }
      ]
    },
    {
      "mode": "managed",
      "type": "aws_iam_role_policy_attachment",
      "name": "web_app_gateway_policy_ElasticBeanstalkDeployedService",
      "provider": "provider[\"registry.terraform.io/hashicorp/aws\"]",
      "instances": [
        {
          "schema_version": 0,
          "attributes": {
            "id": "web-app-gateway/arn:aws-us-gov:iam::050779347855:policy/ElasticBeanstalkDeployedService",
            "policy_arn": "arn:aws-us-gov:iam::050779347855:policy/ElasticBeanstalkDeployedService",
            "role": "web-app-gateway"
          },
          "sensitive_attributes": []
        }
      ]
    },
    {
      "mode": "managed",
      "type": "aws_iam_role_policy_attachment",
      "name": "web_app_identity_service_policy_AmazonSSMManagedInstanceCore",
      "provider": "provider[\"registry.terraform.io/hashicorp/aws\"]",
      "instances": [
        {
          "schema_version": 0,
          "attributes": {
            "id": "web-app-identity-service/arn:aws-us-gov:iam::aws:policy/AmazonSSMManagedInstanceCore",
            "policy_arn": "arn:aws-us-gov:iam::aws:policy/AmazonSSMManagedInstanceCore",
            "role": "web-app-identity-service"
          },
          "sensitive_attributes": []
        }
      ]
    },
    {
      "mode": "managed",
      "type": "aws_iam_role_policy_attachment",
      "name": "web_app_identity_service_policy_ElasticBeanstalkDeployedService",
      "provider": "provider[\"registry.terraform.io/hashicorp/aws\"]",
      "instances": [
        {
          "schema_version": 0,
          "attributes": {
            "id": "web-app-identity-service/arn:aws-us-gov:iam::050779347855:policy/ElasticBeanstalkDeployedService",
            "policy_arn": "arn:aws-us-gov:iam::050779347855:policy/ElasticBeanstalkDeployedService",
            "role": "web-app-identity-service"
          },
          "sensitive_attributes": []
        }
      ]
    },
    {
      "mode": "managed",
      "type": "aws_iam_role_policy_attachment",
      "name": "web_app_identity_service_policy_service_role_AmazonEC2RoleforSSM",
      "provider": "provider[\"registry.terraform.io/hashicorp/aws\"]",
      "instances": [
        {
          "schema_version": 0,
          "attributes": {
            "id": "web-app-identity-service/arn:aws-us-gov:iam::aws:policy/service-role/AmazonEC2RoleforSSM",
            "policy_arn": "arn:aws-us-gov:iam::aws:policy/service-role/AmazonEC2RoleforSSM",
            "role": "web-app-identity-service"
          },
          "sensitive_attributes": []
        }
      ]
    },
    {
      "mode": "managed",
      "type": "aws_iam_role_policy_attachment",
      "name": "web_app_image_reference_service_policy_CloudWatchLogsWriteLogs",
      "provider": "provider[\"registry.terraform.io/hashicorp/aws\"]",
      "instances": [
        {
          "schema_version": 0,
          "attributes": {
            "id": "web-app-image-reference-service/arn:aws-us-gov:iam::050779347855:policy/CloudWatchLogsWriteLogs",
            "policy_arn": "arn:aws-us-gov:iam::050779347855:policy/CloudWatchLogsWriteLogs",
            "role": "web-app-image-reference-service"
          },
          "sensitive_attributes": []
        }
      ]
    },
    {
      "mode": "managed",
      "type": "aws_iam_role_policy_attachment",
      "name": "web_app_image_scaling_service_policy_CloudWatchLogsWriteLogs",
      "provider": "provider[\"registry.terraform.io/hashicorp/aws\"]",
      "instances": [
        {
          "schema_version": 0,
          "attributes": {
            "id": "web-app-image-scaling-service/arn:aws-us-gov:iam::050779347855:policy/CloudWatchLogsWriteLogs",
            "policy_arn": "arn:aws-us-gov:iam::050779347855:policy/CloudWatchLogsWriteLogs",
            "role": "web-app-image-scaling-service"
          },
          "sensitive_attributes": []
        }
      ]
    },
    {
      "mode": "managed",
      "type": "aws_iam_role_policy_attachment",
      "name": "web_app_image_scaling_service_policy_all_buckets_access",
      "provider": "provider[\"registry.terraform.io/hashicorp/aws\"]",
      "instances": [
        {
          "schema_version": 0,
          "attributes": {
            "id": "web-app-image-scaling-service/arn:aws-us-gov:iam::050779347855:policy/all-buckets-access",
            "policy_arn": "arn:aws-us-gov:iam::050779347855:policy/all-buckets-access",
            "role": "web-app-image-scaling-service"
          },
          "sensitive_attributes": []
        }
      ]
    },
    {
      "mode": "managed",
      "type": "aws_iam_role_policy_attachment",
      "name": "web_app_instructor_graphql_api_policy_CloudWatchLogsWriteLogs",
      "provider": "provider[\"registry.terraform.io/hashicorp/aws\"]",
      "instances": [
        {
          "schema_version": 0,
          "attributes": {
            "id": "web-app-instructor-graphql-api/arn:aws-us-gov:iam::050779347855:policy/CloudWatchLogsWriteLogs",
            "policy_arn": "arn:aws-us-gov:iam::050779347855:policy/CloudWatchLogsWriteLogs",
            "role": "web-app-instructor-graphql-api"
          },
          "sensitive_attributes": []
        }
      ]
    },
    {
      "mode": "managed",
      "type": "aws_iam_role_policy_attachment",
      "name": "web_app_ip_geo_location_service_policy_CloudWatchLogsWriteLogs",
      "provider": "provider[\"registry.terraform.io/hashicorp/aws\"]",
      "instances": [
        {
          "schema_version": 0,
          "attributes": {
            "id": "web-app-ip-geo-location-service/arn:aws-us-gov:iam::050779347855:policy/CloudWatchLogsWriteLogs",
            "policy_arn": "arn:aws-us-gov:iam::050779347855:policy/CloudWatchLogsWriteLogs",
            "role": "web-app-ip-geo-location-service"
          },
          "sensitive_attributes": []
        }
      ]
    },
    {
      "mode": "managed",
      "type": "aws_iam_role_policy_attachment",
      "name": "web_app_ip_geo_location_service_policy_CloudWatchWriteMetrics",
      "provider": "provider[\"registry.terraform.io/hashicorp/aws\"]",
      "instances": [
        {
          "schema_version": 0,
          "attributes": {
            "id": "web-app-ip-geo-location-service/arn:aws-us-gov:iam::050779347855:policy/CloudWatchWriteMetrics",
            "policy_arn": "arn:aws-us-gov:iam::050779347855:policy/CloudWatchWriteMetrics",
            "role": "web-app-ip-geo-location-service"
          },
          "sensitive_attributes": []
        }
      ]
    },
    {
      "mode": "managed",
      "type": "aws_iam_role_policy_attachment",
      "name": "web_app_learner_graphql_api_policy_CloudWatchLogsWriteLogs",
      "provider": "provider[\"registry.terraform.io/hashicorp/aws\"]",
      "instances": [
        {
          "schema_version": 0,
          "attributes": {
            "id": "web-app-learner-graphql-api/arn:aws-us-gov:iam::050779347855:policy/CloudWatchLogsWriteLogs",
            "policy_arn": "arn:aws-us-gov:iam::050779347855:policy/CloudWatchLogsWriteLogs",
            "role": "web-app-learner-graphql-api"
          },
          "sensitive_attributes": []
        }
      ]
    },
    {
      "mode": "managed",
      "type": "aws_iam_role_policy_attachment",
      "name": "web_app_learning_activity_service_policy_CloudWatchLogsWriteLogs",
      "provider": "provider[\"registry.terraform.io/hashicorp/aws\"]",
      "instances": [
        {
          "schema_version": 0,
          "attributes": {
            "id": "web-app-learning-activity-service/arn:aws-us-gov:iam::050779347855:policy/CloudWatchLogsWriteLogs",
            "policy_arn": "arn:aws-us-gov:iam::050779347855:policy/CloudWatchLogsWriteLogs",
            "role": "web-app-learning-activity-service"
          },
          "sensitive_attributes": []
        }
      ]
    },
    {
      "mode": "managed",
      "type": "aws_iam_role_policy_attachment",
      "name": "web_app_learning_activity_service_policy_CloudWatchWriteMetrics",
      "provider": "provider[\"registry.terraform.io/hashicorp/aws\"]",
      "instances": [
        {
          "schema_version": 0,
          "attributes": {
            "id": "web-app-learning-activity-service/arn:aws-us-gov:iam::050779347855:policy/CloudWatchWriteMetrics",
            "policy_arn": "arn:aws-us-gov:iam::050779347855:policy/CloudWatchWriteMetrics",
            "role": "web-app-learning-activity-service"
          },
          "sensitive_attributes": []
        }
      ]
    },
    {
      "mode": "managed",
      "type": "aws_iam_role_policy_attachment",
      "name": "web_app_learning_media_service_policy_CloudWatchLogsWriteLogs",
      "provider": "provider[\"registry.terraform.io/hashicorp/aws\"]",
      "instances": [
        {
          "schema_version": 0,
          "attributes": {
            "id": "web-app-learning-media-service/arn:aws-us-gov:iam::050779347855:policy/CloudWatchLogsWriteLogs",
            "policy_arn": "arn:aws-us-gov:iam::050779347855:policy/CloudWatchLogsWriteLogs",
            "role": "web-app-learning-media-service"
          },
          "sensitive_attributes": []
        }
      ]
    },
    {
      "mode": "managed",
      "type": "aws_iam_role_policy_attachment",
      "name": "web_app_learning_media_service_policy_CloudWatchWriteMetrics",
      "provider": "provider[\"registry.terraform.io/hashicorp/aws\"]",
      "instances": [
        {
          "schema_version": 0,
          "attributes": {
            "id": "web-app-learning-media-service/arn:aws-us-gov:iam::050779347855:policy/CloudWatchWriteMetrics",
            "policy_arn": "arn:aws-us-gov:iam::050779347855:policy/CloudWatchWriteMetrics",
            "role": "web-app-learning-media-service"
          },
          "sensitive_attributes": []
        }
      ]
    },
    {
      "mode": "managed",
      "type": "aws_iam_role_policy_attachment",
      "name": "web_app_market_publisher_task_policy_CloudWatchLogsWriteLogs",
      "provider": "provider[\"registry.terraform.io/hashicorp/aws\"]",
      "instances": [
        {
          "schema_version": 0,
          "attributes": {
            "id": "web-app-market-publisher-task/arn:aws-us-gov:iam::050779347855:policy/CloudWatchLogsWriteLogs",
            "policy_arn": "arn:aws-us-gov:iam::050779347855:policy/CloudWatchLogsWriteLogs",
            "role": "web-app-market-publisher-task"
          },
          "sensitive_attributes": []
        }
      ]
    },
    {
      "mode": "managed",
      "type": "aws_iam_role_policy_attachment",
      "name": "web_app_market_search_service_policy_CloudWatchLogsWriteLogs",
      "provider": "provider[\"registry.terraform.io/hashicorp/aws\"]",
      "instances": [
        {
          "schema_version": 0,
          "attributes": {
            "id": "web-app-market-search-service/arn:aws-us-gov:iam::050779347855:policy/CloudWatchLogsWriteLogs",
            "policy_arn": "arn:aws-us-gov:iam::050779347855:policy/CloudWatchLogsWriteLogs",
            "role": "web-app-market-search-service"
          },
          "sensitive_attributes": []
        }
      ]
    },
    {
      "mode": "managed",
      "type": "aws_iam_role_policy_attachment",
      "name": "web_app_market_search_service_policy_CloudWatchWriteMetrics",
      "provider": "provider[\"registry.terraform.io/hashicorp/aws\"]",
      "instances": [
        {
          "schema_version": 0,
          "attributes": {
            "id": "web-app-market-search-service/arn:aws-us-gov:iam::050779347855:policy/CloudWatchWriteMetrics",
            "policy_arn": "arn:aws-us-gov:iam::050779347855:policy/CloudWatchWriteMetrics",
            "role": "web-app-market-search-service"
          },
          "sensitive_attributes": []
        }
      ]
    },
    {
      "mode": "managed",
      "type": "aws_iam_role_policy_attachment",
      "name": "web_app_market_search_service_policy_ElasticSearchFullDomainAccess_ElasticSearchShared01",
      "provider": "provider[\"registry.terraform.io/hashicorp/aws\"]",
      "instances": [
        {
          "schema_version": 0,
          "attributes": {
            "id": "web-app-market-search-service/arn:aws-us-gov:iam::050779347855:policy/ElasticSearchFullDomainAccess-ElasticSearchShared01",
            "policy_arn": "arn:aws-us-gov:iam::050779347855:policy/ElasticSearchFullDomainAccess-ElasticSearchShared01",
            "role": "web-app-market-search-service"
          },
          "sensitive_attributes": []
        }
      ]
    },
    {
      "mode": "managed",
      "type": "aws_iam_role_policy_attachment",
      "name": "web_app_market_service_policy_AmazonSSMManagedInstanceCore",
      "provider": "provider[\"registry.terraform.io/hashicorp/aws\"]",
      "instances": [
        {
          "schema_version": 0,
          "attributes": {
            "id": "web-app-market-service/arn:aws-us-gov:iam::aws:policy/AmazonSSMManagedInstanceCore",
            "policy_arn": "arn:aws-us-gov:iam::aws:policy/AmazonSSMManagedInstanceCore",
            "role": "web-app-market-service"
          },
          "sensitive_attributes": []
        }
      ]
    },
    {
      "mode": "managed",
      "type": "aws_iam_role_policy_attachment",
      "name": "web_app_market_service_policy_ElasticBeanstalkDeployedService",
      "provider": "provider[\"registry.terraform.io/hashicorp/aws\"]",
      "instances": [
        {
          "schema_version": 0,
          "attributes": {
            "id": "web-app-market-service/arn:aws-us-gov:iam::050779347855:policy/ElasticBeanstalkDeployedService",
            "policy_arn": "arn:aws-us-gov:iam::050779347855:policy/ElasticBeanstalkDeployedService",
            "role": "web-app-market-service"
          },
          "sensitive_attributes": []
        }
      ]
    },
    {
      "mode": "managed",
      "type": "aws_iam_role_policy_attachment",
      "name": "web_app_market_subscription_service_policy_CloudWatchLogsWriteLogs",
      "provider": "provider[\"registry.terraform.io/hashicorp/aws\"]",
      "instances": [
        {
          "schema_version": 0,
          "attributes": {
            "id": "web-app-market-subscription-service/arn:aws-us-gov:iam::050779347855:policy/CloudWatchLogsWriteLogs",
            "policy_arn": "arn:aws-us-gov:iam::050779347855:policy/CloudWatchLogsWriteLogs",
            "role": "web-app-market-subscription-service"
          },
          "sensitive_attributes": []
        }
      ]
    },
    {
      "mode": "managed",
      "type": "aws_iam_role_policy_attachment",
      "name": "web_app_market_subscription_service_policy_CloudWatchWriteMetrics",
      "provider": "provider[\"registry.terraform.io/hashicorp/aws\"]",
      "instances": [
        {
          "schema_version": 0,
          "attributes": {
            "id": "web-app-market-subscription-service/arn:aws-us-gov:iam::050779347855:policy/CloudWatchWriteMetrics",
            "policy_arn": "arn:aws-us-gov:iam::050779347855:policy/CloudWatchWriteMetrics",
            "role": "web-app-market-subscription-service"
          },
          "sensitive_attributes": []
        }
      ]
    },
    {
      "mode": "managed",
      "type": "aws_iam_role_policy_attachment",
      "name": "web_app_market_subscription_service_policy_NotificationServiceSnsAccountFullAccess",
      "provider": "provider[\"registry.terraform.io/hashicorp/aws\"]",
      "instances": [
        {
          "schema_version": 0,
          "attributes": {
            "id": "web-app-market-subscription-service/arn:aws-us-gov:iam::050779347855:policy/NotificationServiceSnsAccountFullAccess",
            "policy_arn": "arn:aws-us-gov:iam::050779347855:policy/NotificationServiceSnsAccountFullAccess",
            "role": "web-app-market-subscription-service"
          },
          "sensitive_attributes": []
        }
      ]
    },
    {
      "mode": "managed",
      "type": "aws_iam_role_policy_attachment",
      "name": "web_app_media_asset_service_policy_CloudWatchLogsWriteLogs",
      "provider": "provider[\"registry.terraform.io/hashicorp/aws\"]",
      "instances": [
        {
          "schema_version": 0,
          "attributes": {
            "id": "web-app-media-asset-service/arn:aws-us-gov:iam::050779347855:policy/CloudWatchLogsWriteLogs",
            "policy_arn": "arn:aws-us-gov:iam::050779347855:policy/CloudWatchLogsWriteLogs",
            "role": "web-app-media-asset-service"
          },
          "sensitive_attributes": []
        }
      ]
    },
    {
      "mode": "managed",
      "type": "aws_iam_role_policy_attachment",
      "name": "web_app_media_asset_service_policy_CloudWatchWriteMetrics",
      "provider": "provider[\"registry.terraform.io/hashicorp/aws\"]",
      "instances": [
        {
          "schema_version": 0,
          "attributes": {
            "id": "web-app-media-asset-service/arn:aws-us-gov:iam::050779347855:policy/CloudWatchWriteMetrics",
            "policy_arn": "arn:aws-us-gov:iam::050779347855:policy/CloudWatchWriteMetrics",
            "role": "web-app-media-asset-service"
          },
          "sensitive_attributes": []
        }
      ]
    },
    {
      "mode": "managed",
      "type": "aws_iam_role_policy_attachment",
      "name": "web_app_media_asset_service_policy_ElasticSearchFullDomainAccess_ElasticSearchShared01",
      "provider": "provider[\"registry.terraform.io/hashicorp/aws\"]",
      "instances": [
        {
          "schema_version": 0,
          "attributes": {
            "id": "web-app-media-asset-service/arn:aws-us-gov:iam::050779347855:policy/ElasticSearchFullDomainAccess-ElasticSearchShared01",
            "policy_arn": "arn:aws-us-gov:iam::050779347855:policy/ElasticSearchFullDomainAccess-ElasticSearchShared01",
            "role": "web-app-media-asset-service"
          },
          "sensitive_attributes": []
        }
      ]
    },
    {
      "mode": "managed",
      "type": "aws_iam_role_policy_attachment",
      "name": "web_app_military_user_validator_policy_CloudWatchLogsWriteLogs",
      "provider": "provider[\"registry.terraform.io/hashicorp/aws\"]",
      "instances": [
        {
          "schema_version": 0,
          "attributes": {
            "id": "web-app-military-user-validator/arn:aws-us-gov:iam::050779347855:policy/CloudWatchLogsWriteLogs",
            "policy_arn": "arn:aws-us-gov:iam::050779347855:policy/CloudWatchLogsWriteLogs",
            "role": "web-app-military-user-validator"
          },
          "sensitive_attributes": []
        }
      ]
    },
    {
      "mode": "managed",
      "type": "aws_iam_role_policy_attachment",
      "name": "web_app_military_user_validator_policy_CloudWatchWriteMetrics",
      "provider": "provider[\"registry.terraform.io/hashicorp/aws\"]",
      "instances": [
        {
          "schema_version": 0,
          "attributes": {
            "id": "web-app-military-user-validator/arn:aws-us-gov:iam::050779347855:policy/CloudWatchWriteMetrics",
            "policy_arn": "arn:aws-us-gov:iam::050779347855:policy/CloudWatchWriteMetrics",
            "role": "web-app-military-user-validator"
          },
          "sensitive_attributes": []
        }
      ]
    },
    {
      "mode": "managed",
      "type": "aws_iam_role_policy_attachment",
      "name": "web_app_mobile_client_gateway_policy_AmazonSSMManagedInstanceCore",
      "provider": "provider[\"registry.terraform.io/hashicorp/aws\"]",
      "instances": [
        {
          "schema_version": 0,
          "attributes": {
            "id": "web-app-mobile-client-gateway/arn:aws-us-gov:iam::aws:policy/AmazonSSMManagedInstanceCore",
            "policy_arn": "arn:aws-us-gov:iam::aws:policy/AmazonSSMManagedInstanceCore",
            "role": "web-app-mobile-client-gateway"
          },
          "sensitive_attributes": []
        }
      ]
    },
    {
      "mode": "managed",
      "type": "aws_iam_role_policy_attachment",
      "name": "web_app_mobile_client_gateway_policy_CloudWatchLogsWriteLogs",
      "provider": "provider[\"registry.terraform.io/hashicorp/aws\"]",
      "instances": [
        {
          "schema_version": 0,
          "attributes": {
            "id": "web-app-mobile-client-gateway/arn:aws-us-gov:iam::050779347855:policy/CloudWatchLogsWriteLogs",
            "policy_arn": "arn:aws-us-gov:iam::050779347855:policy/CloudWatchLogsWriteLogs",
            "role": "web-app-mobile-client-gateway"
          },
          "sensitive_attributes": []
        }
      ]
    },
    {
      "mode": "managed",
      "type": "aws_iam_role_policy_attachment",
      "name": "web_app_mobile_client_gateway_policy_ElasticBeanstalkDeployedService",
      "provider": "provider[\"registry.terraform.io/hashicorp/aws\"]",
      "instances": [
        {
          "schema_version": 0,
          "attributes": {
            "id": "web-app-mobile-client-gateway/arn:aws-us-gov:iam::050779347855:policy/ElasticBeanstalkDeployedService",
            "policy_arn": "arn:aws-us-gov:iam::050779347855:policy/ElasticBeanstalkDeployedService",
            "role": "web-app-mobile-client-gateway"
          },
          "sensitive_attributes": []
        }
      ]
    },
    {
      "mode": "managed",
      "type": "aws_iam_role_policy_attachment",
      "name": "web_app_notification_service_policy_AWSXrayWriteOnlyAccess",
      "provider": "provider[\"registry.terraform.io/hashicorp/aws\"]",
      "instances": [
        {
          "schema_version": 0,
          "attributes": {
            "id": "web-app-notification-service/arn:aws-us-gov:iam::aws:policy/AWSXrayWriteOnlyAccess",
            "policy_arn": "arn:aws-us-gov:iam::aws:policy/AWSXrayWriteOnlyAccess",
            "role": "web-app-notification-service"
          },
          "sensitive_attributes": []
        }
      ]
    },
    {
      "mode": "managed",
      "type": "aws_iam_role_policy_attachment",
      "name": "web_app_notification_service_policy_CloudWatchLogsWriteLogs",
      "provider": "provider[\"registry.terraform.io/hashicorp/aws\"]",
      "instances": [
        {
          "schema_version": 0,
          "attributes": {
            "id": "web-app-notification-service/arn:aws-us-gov:iam::050779347855:policy/CloudWatchLogsWriteLogs",
            "policy_arn": "arn:aws-us-gov:iam::050779347855:policy/CloudWatchLogsWriteLogs",
            "role": "web-app-notification-service"
          },
          "sensitive_attributes": []
        }
      ]
    },
    {
      "mode": "managed",
      "type": "aws_iam_role_policy_attachment",
      "name": "web_app_notification_service_policy_CloudWatchWriteMetrics",
      "provider": "provider[\"registry.terraform.io/hashicorp/aws\"]",
      "instances": [
        {
          "schema_version": 0,
          "attributes": {
            "id": "web-app-notification-service/arn:aws-us-gov:iam::050779347855:policy/CloudWatchWriteMetrics",
            "policy_arn": "arn:aws-us-gov:iam::050779347855:policy/CloudWatchWriteMetrics",
            "role": "web-app-notification-service"
          },
          "sensitive_attributes": []
        }
      ]
    },
    {
      "mode": "managed",
      "type": "aws_iam_role_policy_attachment",
      "name": "web_app_notification_service_policy_NotificationServiceSnsAccountFullAccess",
      "provider": "provider[\"registry.terraform.io/hashicorp/aws\"]",
      "instances": [
        {
          "schema_version": 0,
          "attributes": {
            "id": "web-app-notification-service/arn:aws-us-gov:iam::050779347855:policy/NotificationServiceSnsAccountFullAccess",
            "policy_arn": "arn:aws-us-gov:iam::050779347855:policy/NotificationServiceSnsAccountFullAccess",
            "role": "web-app-notification-service"
          },
          "sensitive_attributes": []
        }
      ]
    },
    {
      "mode": "managed",
      "type": "aws_iam_role_policy_attachment",
      "name": "web_app_opportunity_project_service_policy_CloudWatchLogsWriteLogs",
      "provider": "provider[\"registry.terraform.io/hashicorp/aws\"]",
      "instances": [
        {
          "schema_version": 0,
          "attributes": {
            "id": "web-app-opportunity-project-service/arn:aws-us-gov:iam::050779347855:policy/CloudWatchLogsWriteLogs",
            "policy_arn": "arn:aws-us-gov:iam::050779347855:policy/CloudWatchLogsWriteLogs",
            "role": "web-app-opportunity-project-service"
          },
          "sensitive_attributes": []
        }
      ]
    },
    {
      "mode": "managed",
      "type": "aws_iam_role_policy_attachment",
      "name": "web_app_performance_assessment_service_policy_CloudWatchLogsWriteLogs",
      "provider": "provider[\"registry.terraform.io/hashicorp/aws\"]",
      "instances": [
        {
          "schema_version": 0,
          "attributes": {
            "id": "web-app-performance-assessment-service/arn:aws-us-gov:iam::050779347855:policy/CloudWatchLogsWriteLogs",
            "policy_arn": "arn:aws-us-gov:iam::050779347855:policy/CloudWatchLogsWriteLogs",
            "role": "web-app-performance-assessment-service"
          },
          "sensitive_attributes": []
        }
      ]
    },
    {
      "mode": "managed",
      "type": "aws_iam_role_policy_attachment",
      "name": "web_app_performance_assessment_service_policy_CloudWatchWriteMetrics",
      "provider": "provider[\"registry.terraform.io/hashicorp/aws\"]",
      "instances": [
        {
          "schema_version": 0,
          "attributes": {
            "id": "web-app-performance-assessment-service/arn:aws-us-gov:iam::050779347855:policy/CloudWatchWriteMetrics",
            "policy_arn": "arn:aws-us-gov:iam::050779347855:policy/CloudWatchWriteMetrics",
            "role": "web-app-performance-assessment-service"
          },
          "sensitive_attributes": []
        }
      ]
    },
    {
      "mode": "managed",
      "type": "aws_iam_role_policy_attachment",
      "name": "web_app_publication_service_policy_CloudWatchLogsWriteLogs",
      "provider": "provider[\"registry.terraform.io/hashicorp/aws\"]",
      "instances": [
        {
          "schema_version": 0,
          "attributes": {
            "id": "web-app-publication-service/arn:aws-us-gov:iam::050779347855:policy/CloudWatchLogsWriteLogs",
            "policy_arn": "arn:aws-us-gov:iam::050779347855:policy/CloudWatchLogsWriteLogs",
            "role": "web-app-publication-service"
          },
          "sensitive_attributes": []
        }
      ]
    },
    {
      "mode": "managed",
      "type": "aws_iam_role_policy_attachment",
      "name": "web_app_publication_service_policy_CloudWatchWriteMetrics",
      "provider": "provider[\"registry.terraform.io/hashicorp/aws\"]",
      "instances": [
        {
          "schema_version": 0,
          "attributes": {
            "id": "web-app-publication-service/arn:aws-us-gov:iam::050779347855:policy/CloudWatchWriteMetrics",
            "policy_arn": "arn:aws-us-gov:iam::050779347855:policy/CloudWatchWriteMetrics",
            "role": "web-app-publication-service"
          },
          "sensitive_attributes": []
        }
      ]
    },
    {
      "mode": "managed",
      "type": "aws_iam_role_policy_attachment",
      "name": "web_app_registration_validation_service_policy_CloudWatchLogsWriteLogs",
      "provider": "provider[\"registry.terraform.io/hashicorp/aws\"]",
      "instances": [
        {
          "schema_version": 0,
          "attributes": {
            "id": "web-app-registration-validation-service/arn:aws-us-gov:iam::050779347855:policy/CloudWatchLogsWriteLogs",
            "policy_arn": "arn:aws-us-gov:iam::050779347855:policy/CloudWatchLogsWriteLogs",
            "role": "web-app-registration-validation-service"
          },
          "sensitive_attributes": []
        }
      ]
    },
    {
      "mode": "managed",
      "type": "aws_iam_role_policy_attachment",
      "name": "web_app_registration_validation_service_policy_CloudWatchWriteMetrics",
      "provider": "provider[\"registry.terraform.io/hashicorp/aws\"]",
      "instances": [
        {
          "schema_version": 0,
          "attributes": {
            "id": "web-app-registration-validation-service/arn:aws-us-gov:iam::050779347855:policy/CloudWatchWriteMetrics",
            "policy_arn": "arn:aws-us-gov:iam::050779347855:policy/CloudWatchWriteMetrics",
            "role": "web-app-registration-validation-service"
          },
          "sensitive_attributes": []
        }
      ]
    },
    {
      "mode": "managed",
      "type": "aws_iam_role_policy_attachment",
      "name": "web_app_single_step_service_policy_CloudWatchLogsWriteLogs",
      "provider": "provider[\"registry.terraform.io/hashicorp/aws\"]",
      "instances": [
        {
          "schema_version": 0,
          "attributes": {
            "id": "web-app-single-step-service/arn:aws-us-gov:iam::050779347855:policy/CloudWatchLogsWriteLogs",
            "policy_arn": "arn:aws-us-gov:iam::050779347855:policy/CloudWatchLogsWriteLogs",
            "role": "web-app-single-step-service"
          },
          "sensitive_attributes": []
        }
      ]
    },
    {
      "mode": "managed",
      "type": "aws_iam_role_policy_attachment",
      "name": "web_app_spring_config_server_policy_AWSCodeCommitReadOnly",
      "provider": "provider[\"registry.terraform.io/hashicorp/aws\"]",
      "instances": [
        {
          "schema_version": 0,
          "attributes": {
            "id": "web-app-spring-config-server/arn:aws-us-gov:iam::aws:policy/AWSCodeCommitReadOnly",
            "policy_arn": "arn:aws-us-gov:iam::aws:policy/AWSCodeCommitReadOnly",
            "role": "web-app-spring-config-server"
          },
          "sensitive_attributes": []
        }
      ]
    },
    {
      "mode": "managed",
      "type": "aws_iam_role_policy_attachment",
      "name": "web_app_spring_config_server_policy_CloudWatchLogsWriteLogs",
      "provider": "provider[\"registry.terraform.io/hashicorp/aws\"]",
      "instances": [
        {
          "schema_version": 0,
          "attributes": {
            "id": "web-app-spring-config-server/arn:aws-us-gov:iam::050779347855:policy/CloudWatchLogsWriteLogs",
            "policy_arn": "arn:aws-us-gov:iam::050779347855:policy/CloudWatchLogsWriteLogs",
            "role": "web-app-spring-config-server"
          },
          "sensitive_attributes": []
        }
      ]
    },
    {
      "mode": "managed",
      "type": "aws_iam_role_policy_attachment",
      "name": "web_app_spring_config_server_policy_CloudWatchWriteMetrics",
      "provider": "provider[\"registry.terraform.io/hashicorp/aws\"]",
      "instances": [
        {
          "schema_version": 0,
          "attributes": {
            "id": "web-app-spring-config-server/arn:aws-us-gov:iam::050779347855:policy/CloudWatchWriteMetrics",
            "policy_arn": "arn:aws-us-gov:iam::050779347855:policy/CloudWatchWriteMetrics",
            "role": "web-app-spring-config-server"
          },
          "sensitive_attributes": []
        }
      ]
    },
    {
      "mode": "managed",
      "type": "aws_iam_role_policy_attachment",
      "name": "web_app_survey_form_service_policy_CloudWatchLogsWriteLogs",
      "provider": "provider[\"registry.terraform.io/hashicorp/aws\"]",
      "instances": [
        {
          "schema_version": 0,
          "attributes": {
            "id": "web-app-survey-form-service/arn:aws-us-gov:iam::050779347855:policy/CloudWatchLogsWriteLogs",
            "policy_arn": "arn:aws-us-gov:iam::050779347855:policy/CloudWatchLogsWriteLogs",
            "role": "web-app-survey-form-service"
          },
          "sensitive_attributes": []
        }
      ]
    },
    {
      "mode": "managed",
      "type": "aws_iam_role_policy_attachment",
      "name": "web_app_survey_form_service_policy_CloudWatchWriteMetrics",
      "provider": "provider[\"registry.terraform.io/hashicorp/aws\"]",
      "instances": [
        {
          "schema_version": 0,
          "attributes": {
            "id": "web-app-survey-form-service/arn:aws-us-gov:iam::050779347855:policy/CloudWatchWriteMetrics",
            "policy_arn": "arn:aws-us-gov:iam::050779347855:policy/CloudWatchWriteMetrics",
            "role": "web-app-survey-form-service"
          },
          "sensitive_attributes": []
        }
      ]
    },
    {
      "mode": "managed",
      "type": "aws_iam_role_policy_attachment",
      "name": "web_app_team_service_policy_CloudWatchLogsWriteLogs",
      "provider": "provider[\"registry.terraform.io/hashicorp/aws\"]",
      "instances": [
        {
          "schema_version": 0,
          "attributes": {
            "id": "web-app-team-service/arn:aws-us-gov:iam::050779347855:policy/CloudWatchLogsWriteLogs",
            "policy_arn": "arn:aws-us-gov:iam::050779347855:policy/CloudWatchLogsWriteLogs",
            "role": "web-app-team-service"
          },
          "sensitive_attributes": []
        }
      ]
    },
    {
      "mode": "managed",
      "type": "aws_iam_role_policy_attachment",
      "name": "web_app_team_service_policy_CloudWatchWriteMetrics",
      "provider": "provider[\"registry.terraform.io/hashicorp/aws\"]",
      "instances": [
        {
          "schema_version": 0,
          "attributes": {
            "id": "web-app-team-service/arn:aws-us-gov:iam::050779347855:policy/CloudWatchWriteMetrics",
            "policy_arn": "arn:aws-us-gov:iam::050779347855:policy/CloudWatchWriteMetrics",
            "role": "web-app-team-service"
          },
          "sensitive_attributes": []
        }
      ]
    },
    {
      "mode": "managed",
      "type": "aws_iam_role_policy_attachment",
      "name": "web_app_tenant_code_service_policy_CloudWatchLogsWriteLogs",
      "provider": "provider[\"registry.terraform.io/hashicorp/aws\"]",
      "instances": [
        {
          "schema_version": 0,
          "attributes": {
            "id": "web-app-tenant-code-service/arn:aws-us-gov:iam::050779347855:policy/CloudWatchLogsWriteLogs",
            "policy_arn": "arn:aws-us-gov:iam::050779347855:policy/CloudWatchLogsWriteLogs",
            "role": "web-app-tenant-code-service"
          },
          "sensitive_attributes": []
        }
      ]
    },
    {
      "mode": "managed",
      "type": "aws_iam_role_policy_attachment",
      "name": "web_app_tenant_configuration_service_policy_CloudWatchLogsWriteLogs",
      "provider": "provider[\"registry.terraform.io/hashicorp/aws\"]",
      "instances": [
        {
          "schema_version": 0,
          "attributes": {
            "id": "web-app-tenant-configuration-service/arn:aws-us-gov:iam::050779347855:policy/CloudWatchLogsWriteLogs",
            "policy_arn": "arn:aws-us-gov:iam::050779347855:policy/CloudWatchLogsWriteLogs",
            "role": "web-app-tenant-configuration-service"
          },
          "sensitive_attributes": []
        }
      ]
    },
    {
      "mode": "managed",
      "type": "aws_iam_role_policy_attachment",
      "name": "web_app_tenant_configuration_service_policy_CloudWatchWriteMetrics",
      "provider": "provider[\"registry.terraform.io/hashicorp/aws\"]",
      "instances": [
        {
          "schema_version": 0,
          "attributes": {
            "id": "web-app-tenant-configuration-service/arn:aws-us-gov:iam::050779347855:policy/CloudWatchWriteMetrics",
            "policy_arn": "arn:aws-us-gov:iam::050779347855:policy/CloudWatchWriteMetrics",
            "role": "web-app-tenant-configuration-service"
          },
          "sensitive_attributes": []
        }
      ]
    },
    {
      "mode": "managed",
      "type": "aws_iam_role_policy_attachment",
      "name": "web_app_tenant_host_domain_service_policy_CloudWatchLogsWriteLogs",
      "provider": "provider[\"registry.terraform.io/hashicorp/aws\"]",
      "instances": [
        {
          "schema_version": 0,
          "attributes": {
            "id": "web-app-tenant-host-domain-service/arn:aws-us-gov:iam::050779347855:policy/CloudWatchLogsWriteLogs",
            "policy_arn": "arn:aws-us-gov:iam::050779347855:policy/CloudWatchLogsWriteLogs",
            "role": "web-app-tenant-host-domain-service"
          },
          "sensitive_attributes": []
        }
      ]
    },
    {
      "mode": "managed",
      "type": "aws_iam_role_policy_attachment",
      "name": "web_app_tenant_host_domain_service_policy_CloudWatchWriteMetrics",
      "provider": "provider[\"registry.terraform.io/hashicorp/aws\"]",
      "instances": [
        {
          "schema_version": 0,
          "attributes": {
            "id": "web-app-tenant-host-domain-service/arn:aws-us-gov:iam::050779347855:policy/CloudWatchWriteMetrics",
            "policy_arn": "arn:aws-us-gov:iam::050779347855:policy/CloudWatchWriteMetrics",
            "role": "web-app-tenant-host-domain-service"
          },
          "sensitive_attributes": []
        }
      ]
    },
    {
      "mode": "managed",
      "type": "aws_iam_role_policy_attachment",
      "name": "web_app_tenant_user_configuration_service_policy_CloudWatchLogsWriteLogs",
      "provider": "provider[\"registry.terraform.io/hashicorp/aws\"]",
      "instances": [
        {
          "schema_version": 0,
          "attributes": {
            "id": "web-app-tenant-user-configuration-service/arn:aws-us-gov:iam::050779347855:policy/CloudWatchLogsWriteLogs",
            "policy_arn": "arn:aws-us-gov:iam::050779347855:policy/CloudWatchLogsWriteLogs",
            "role": "web-app-tenant-user-configuration-service"
          },
          "sensitive_attributes": []
        }
      ]
    },
    {
      "mode": "managed",
      "type": "aws_iam_role_policy_attachment",
      "name": "web_app_tenant_user_configuration_service_policy_CloudWatchWriteMetrics",
      "provider": "provider[\"registry.terraform.io/hashicorp/aws\"]",
      "instances": [
        {
          "schema_version": 0,
          "attributes": {
            "id": "web-app-tenant-user-configuration-service/arn:aws-us-gov:iam::050779347855:policy/CloudWatchWriteMetrics",
            "policy_arn": "arn:aws-us-gov:iam::050779347855:policy/CloudWatchWriteMetrics",
            "role": "web-app-tenant-user-configuration-service"
          },
          "sensitive_attributes": []
        }
      ]
    },
    {
      "mode": "managed",
      "type": "aws_iam_role_policy_attachment",
      "name": "web_app_test_web_service_policy_AWSXRayDaemonWriteAccess",
      "provider": "provider[\"registry.terraform.io/hashicorp/aws\"]",
      "instances": [
        {
          "schema_version": 0,
          "attributes": {
            "id": "web-app-test-web-service/arn:aws-us-gov:iam::aws:policy/AWSXRayDaemonWriteAccess",
            "policy_arn": "arn:aws-us-gov:iam::aws:policy/AWSXRayDaemonWriteAccess",
            "role": "web-app-test-web-service"
          },
          "sensitive_attributes": []
        }
      ]
    },
    {
      "mode": "managed",
      "type": "aws_iam_role_policy_attachment",
      "name": "web_app_test_web_service_policy_CloudWatchLogsWriteLogs",
      "provider": "provider[\"registry.terraform.io/hashicorp/aws\"]",
      "instances": [
        {
          "schema_version": 0,
          "attributes": {
            "id": "web-app-test-web-service/arn:aws-us-gov:iam::050779347855:policy/CloudWatchLogsWriteLogs",
            "policy_arn": "arn:aws-us-gov:iam::050779347855:policy/CloudWatchLogsWriteLogs",
            "role": "web-app-test-web-service"
          },
          "sensitive_attributes": []
        }
      ]
    },
    {
      "mode": "managed",
      "type": "aws_iam_role_policy_attachment",
      "name": "web_app_test_web_service_policy_ElasticBeanstalkDeployedService",
      "provider": "provider[\"registry.terraform.io/hashicorp/aws\"]",
      "instances": [
        {
          "schema_version": 0,
          "attributes": {
            "id": "web-app-test-web-service/arn:aws-us-gov:iam::050779347855:policy/ElasticBeanstalkDeployedService",
            "policy_arn": "arn:aws-us-gov:iam::050779347855:policy/ElasticBeanstalkDeployedService",
            "role": "web-app-test-web-service"
          },
          "sensitive_attributes": []
        }
      ]
    },
    {
      "mode": "managed",
      "type": "aws_iam_role_policy_attachment",
      "name": "web_app_user_data_service_policy_CloudWatchLogsWriteLogs",
      "provider": "provider[\"registry.terraform.io/hashicorp/aws\"]",
      "instances": [
        {
          "schema_version": 0,
          "attributes": {
            "id": "web-app-user-data-service/arn:aws-us-gov:iam::050779347855:policy/CloudWatchLogsWriteLogs",
            "policy_arn": "arn:aws-us-gov:iam::050779347855:policy/CloudWatchLogsWriteLogs",
            "role": "web-app-user-data-service"
          },
          "sensitive_attributes": []
        }
      ]
    },
    {
      "mode": "managed",
      "type": "aws_iam_role_policy_attachment",
      "name": "web_app_user_data_service_policy_CloudWatchWriteMetrics",
      "provider": "provider[\"registry.terraform.io/hashicorp/aws\"]",
      "instances": [
        {
          "schema_version": 0,
          "attributes": {
            "id": "web-app-user-data-service/arn:aws-us-gov:iam::050779347855:policy/CloudWatchWriteMetrics",
            "policy_arn": "arn:aws-us-gov:iam::050779347855:policy/CloudWatchWriteMetrics",
            "role": "web-app-user-data-service"
          },
          "sensitive_attributes": []
        }
      ]
    },
    {
      "mode": "managed",
      "type": "aws_iam_role_policy_attachment",
      "name": "web_app_xapi_service_policy_CloudWatchLogsWriteLogs",
      "provider": "provider[\"registry.terraform.io/hashicorp/aws\"]",
      "instances": [
        {
          "schema_version": 0,
          "attributes": {
            "id": "web-app-xapi-service/arn:aws-us-gov:iam::050779347855:policy/CloudWatchLogsWriteLogs",
            "policy_arn": "arn:aws-us-gov:iam::050779347855:policy/CloudWatchLogsWriteLogs",
            "role": "web-app-xapi-service"
          },
          "sensitive_attributes": []
        }
      ]
    },
    {
      "mode": "managed",
      "type": "aws_iam_role_policy_attachment",
      "name": "web_app_xapi_service_policy_CloudWatchWriteMetrics",
      "provider": "provider[\"registry.terraform.io/hashicorp/aws\"]",
      "instances": [
        {
          "schema_version": 0,
          "attributes": {
            "id": "web-app-xapi-service/arn:aws-us-gov:iam::050779347855:policy/CloudWatchWriteMetrics",
            "policy_arn": "arn:aws-us-gov:iam::050779347855:policy/CloudWatchWriteMetrics",
            "role": "web-app-xapi-service"
          },
          "sensitive_attributes": []
        }
      ]
    },
    {
      "mode": "managed",
      "type": "aws_iam_role_policy_attachment",
      "name": "xray_daemon_role_policy_AWSXrayWriteOnlyAccess",
      "provider": "provider[\"registry.terraform.io/hashicorp/aws\"]",
      "instances": [
        {
          "schema_version": 0,
          "attributes": {
            "id": "xray-daemon-role/arn:aws-us-gov:iam::aws:policy/AWSXrayWriteOnlyAccess",
            "policy_arn": "arn:aws-us-gov:iam::aws:policy/AWSXrayWriteOnlyAccess",
            "role": "xray-daemon-role"
          },
          "sensitive_attributes": []
        }
      ]
    },
    {
      "mode": "managed",
      "type": "aws_iam_saml_provider",
      "name": "AWSSSO_b1d09a718c9a0d64_DO_NOT_DELETE",
      "provider": "provider[\"registry.terraform.io/hashicorp/aws\"]",
      "instances": [
        {
          "schema_version": 0,
          "attributes": {
            "arn": "arn:aws-us-gov:iam::050779347855:saml-provider/AWSSSO_b1d09a718c9a0d64_DO_NOT_DELETE",
            "id": "arn:aws-us-gov:iam::050779347855:saml-provider/AWSSSO_b1d09a718c9a0d64_DO_NOT_DELETE",
            "name": "AWSSSO_b1d09a718c9a0d64_DO_NOT_DELETE",
            "saml_metadata_document": "\u003c?xml version=\"1.0\" encoding=\"UTF-8\"?\u003e\u003cmd:EntityDescriptor xmlns:md=\"urn:oasis:names:tc:SAML:2.0:metadata\" entityID=\"https://portal.sso.us-gov-west-1.amazonaws.com/saml/assertion/MDQzOTgwNTUxODk5X2lucy0yNWVlM2FhMzY3MTkyYmY3\"\u003e\n    \u003cmd:IDPSSODescriptor WantAuthnRequestsSigned=\"false\" protocolSupportEnumeration=\"urn:oasis:names:tc:SAML:2.0:protocol\"\u003e\n        \u003cmd:KeyDescriptor use=\"signing\"\u003e\n            \u003cds:KeyInfo xmlns:ds=\"http://www.w3.org/2000/09/xmldsig#\"\u003e\n                \u003cds:X509Data\u003e\n                    \u003cds:X509Certificate\u003eMIIDAzCCAeugAwIBAgIBATANBgkqhkiG9w0BAQsFADBFMRYwFAYDVQQDDA1hbWF6b25hd3MuY29tMQ0wCwYDVQQLDARJREFTMQ8wDQYDVQQKDAZBbWF6b24xCzAJBgNVBAYTAlVTMB4XDTIyMDUxMDAyMDMwN1oXDTI3MDUxMDAyMDMwN1owRTEWMBQGA1UEAwwNYW1hem9uYXdzLmNvbTENMAsGA1UECwwESURBUzEPMA0GA1UECgwGQW1hem9uMQswCQYDVQQGEwJVUzCCASIwDQYJKoZIhvcNAQEBBQADggEPADCCAQoCggEBAMRy0XzHotxrfbbhEZi22jeuGByBDDxfut7pYmT68OZkRqm8TUBC3T2SIORvQ9PM8C9RmfufGdrUVOumc/k6WJ1oFmZNDVCwANuXajg3wDVQiq+VLN3DLOmNvwnyz/aT8a6Z6vStyQ/tMKkS/WstuAp+G/xxuQy9Qe2SOI6BI4nZmPeJb25BvfkJu/8Vdsy4l65Dg7ikNidesFa/hj2w+AeRqYlher5NENVuy/X47SSX+TwxRoCYPjSYg0YXXgWXIPVEC05irDm2ds3sCTFle/gaNM8HbQEWN9hUDMnh4XQDgrfmx9tezMp5Xj7XQwxeA1CccyMAPJ0Elo+M7Ir2xXMCAwEAATANBgkqhkiG9w0BAQsFAAOCAQEALonlup4kYv2+NLMh2jaxAwnEyggdmuIzSkkrFMg1BbRL/tAWqpUc3Uv4i2f4ecPtkENldwmsCdLf9KnygTmHi8bdv+GkHk2Ea1zbJBk86uwZM0Jo452H6Xufxe0pV7rV6MDEyUUOgiOjmFAVWKPyxX3nkk/GU8L6epGgeU+RhTL2wFffw38iKhnVoTABP+DPkDKYhxPbn64bm97CExrVE5haBURlZ3+GWCfgXx3surqA2b9xQ9vQfeEzKm6eHR7nUHlKQ/Upq5M1aTOdklsOyWtbruFCLN8eYlWxkVmlnj/swHTalWdk4D1Ioy169e1mdRIBnJ1RH9Wzm8pwd2NW+A==\u003c/ds:X509Certificate\u003e\n                \u003c/ds:X509Data\u003e\n            \u003c/ds:KeyInfo\u003e\n        \u003c/md:KeyDescriptor\u003e\n        \u003cmd:SingleLogoutService Binding=\"urn:oasis:names:tc:SAML:2.0:bindings:HTTP-POST\" Location=\"https://portal.sso.us-gov-west-1.amazonaws.com/saml/logout/MDQzOTgwNTUxODk5X2lucy0yNWVlM2FhMzY3MTkyYmY3\"/\u003e\n        \u003cmd:SingleLogoutService Binding=\"urn:oasis:names:tc:SAML:2.0:bindings:HTTP-Redirect\" Location=\"https://portal.sso.us-gov-west-1.amazonaws.com/saml/logout/MDQzOTgwNTUxODk5X2lucy0yNWVlM2FhMzY3MTkyYmY3\"/\u003e\n        \u003cmd:NameIDFormat\u003eurn:oasis:names:tc:SAML:2.0:nameid-format:persistent\u003c/md:NameIDFormat\u003e\n        \u003cmd:SingleSignOnService Binding=\"urn:oasis:names:tc:SAML:2.0:bindings:HTTP-POST\" Location=\"https://portal.sso.us-gov-west-1.amazonaws.com/saml/assertion/MDQzOTgwNTUxODk5X2lucy0yNWVlM2FhMzY3MTkyYmY3\"/\u003e\n        \u003cmd:SingleSignOnService Binding=\"urn:oasis:names:tc:SAML:2.0:bindings:HTTP-Redirect\" Location=\"https://portal.sso.us-gov-west-1.amazonaws.com/saml/assertion/MDQzOTgwNTUxODk5X2lucy0yNWVlM2FhMzY3MTkyYmY3\"/\u003e\n    \u003c/md:IDPSSODescriptor\u003e\n\u003c/md:EntityDescriptor\u003e\n",
            "tags": {},
            "tags_all": {},
            "valid_until": "2122-08-09T17:07:41Z"
          },
          "sensitive_attributes": []
        }
      ]
    },
    {
      "mode": "managed",
      "type": "aws_iam_service_specific_credential",
      "name": "codecommit_amazonaws_com_jenkins_deployment_user_ACCAQXUVPLOHWFLIMKCBS",
      "provider": "provider[\"registry.terraform.io/hashicorp/aws\"]",
      "instances": [
        {
          "schema_version": 0,
          "attributes": {
            "id": "codecommit.amazonaws.com:jenkins-deployment-user:ACCAQXUVPLOHWFLIMKCBS",
            "service_name": "codecommit.amazonaws.com",
            "service_password": null,
            "service_specific_credential_id": "ACCAQXUVPLOHWFLIMKCBS",
            "service_user_name": "jenkins-deployment-user-at-050779347855",
            "status": "Active",
            "user_name": "jenkins-deployment-user"
          },
          "sensitive_attributes": []
        }
      ]
    },
    {
      "mode": "managed",
      "type": "aws_iam_user",
      "name": "Administrator",
      "provider": "provider[\"registry.terraform.io/hashicorp/aws\"]",
      "instances": [
        {
          "schema_version": 0,
          "attributes": {
            "arn": "arn:aws-us-gov:iam::050779347855:user/Administrator",
            "force_destroy": null,
            "id": "Administrator",
            "name": "Administrator",
            "path": "/",
            "permissions_boundary": null,
            "tags": {},
            "tags_all": {},
            "unique_id": "AIDAQXUVPLOHUB4W3MVOE"
          },
          "sensitive_attributes": []
        }
      ]
    },
    {
      "mode": "managed",
      "type": "aws_iam_user",
      "name": "jenkins_deployment_user",
      "provider": "provider[\"registry.terraform.io/hashicorp/aws\"]",
      "instances": [
        {
          "schema_version": 0,
          "attributes": {
            "arn": "arn:aws-us-gov:iam::050779347855:user/jenkins-deployment-user",
            "force_destroy": null,
            "id": "jenkins-deployment-user",
            "name": "jenkins-deployment-user",
            "path": "/",
            "permissions_boundary": null,
            "tags": {},
            "tags_all": {},
            "unique_id": "AIDAQXUVPLOHT3WVHBBRL"
          },
          "sensitive_attributes": []
        }
      ]
    },
    {
      "mode": "managed",
      "type": "aws_iam_user_group_membership",
      "name": "jenkins_deployment_user_jenkins_deployment",
      "provider": "provider[\"registry.terraform.io/hashicorp/aws\"]",
      "instances": [
        {
          "schema_version": 0,
          "attributes": {
            "groups": [
              "jenkins-deployment"
            ],
            "id": "jenkins-deployment-user/jenkins-deployment",
            "user": "jenkins-deployment-user"
          },
          "sensitive_attributes": []
        }
      ]
    },
    {
      "mode": "managed",
      "type": "aws_iam_user_login_profile",
      "name": "Administrator",
      "provider": "provider[\"registry.terraform.io/hashicorp/aws\"]",
      "instances": [
        {
          "schema_version": 0,
          "attributes": {
            "encrypted_password": null,
            "id": "Administrator",
            "key_fingerprint": null,
            "password": null,
            "password_length": null,
            "password_reset_required": false,
            "pgp_key": null,
            "user": "Administrator"
          },
          "sensitive_attributes": []
        }
      ]
    },
    {
      "mode": "managed",
      "type": "aws_iam_user_policy",
      "name": "Administrator_AdminUser",
      "provider": "provider[\"registry.terraform.io/hashicorp/aws\"]",
      "instances": [
        {
          "schema_version": 0,
          "attributes": {
            "id": "Administrator:AdminUser",
            "name": "AdminUser",
            "name_prefix": null,
            "policy": "{\"Version\": \"2012-10-17\", \"Statement\": [{\"Effect\": \"Allow\", \"Action\": \"*\", \"Resource\": \"*\"}]}",
            "user": "Administrator"
          },
          "sensitive_attributes": []
        }
      ]
    },
    {
      "mode": "managed",
      "type": "aws_iam_user_policy_attachment",
      "name": "jenkins_deployment_user_CloudWatchFullAccess",
      "provider": "provider[\"registry.terraform.io/hashicorp/aws\"]",
      "instances": [
        {
          "schema_version": 0,
          "attributes": {
            "id": "jenkins-deployment-user_CloudWatchFullAccess",
            "policy_arn": "arn:aws-us-gov:iam::aws:policy/CloudWatchFullAccess",
            "user": "jenkins-deployment-user"
          },
          "sensitive_attributes": []
        }
      ]
    },
    {
      "mode": "managed",
      "type": "aws_iam_virtual_mfa_device",
      "name": "Administrator",
      "provider": "provider[\"registry.terraform.io/hashicorp/aws\"]",
      "instances": [
        {
          "schema_version": 0,
          "attributes": {
            "arn": "arn:aws-us-gov:iam::050779347855:mfa/Administrator",
            "base_32_string_seed": null,
            "id": "arn:aws-us-gov:iam::050779347855:mfa/Administrator",
            "path": "/",
            "qr_code_png": null,
            "tags": {},
            "tags_all": {},
            "virtual_mfa_device_name": "Administrator"
          },
          "sensitive_attributes": []
        }
      ]
    }
  ],
  "check_results": null
}
