{
  "version": 4,
  "terraform_version": "1.3.6",
  "serial": 2,
  "lineage": "",
  "outputs": {},
  "resources": [
    {
      "mode": "managed",
      "type": "aws_iam_access_key",
      "name": "AKIASPAP2IQF3APS63H4",
      "provider": "provider[\"registry.terraform.io/hashicorp/aws\"]",
      "instances": [
        {
          "schema_version": 0,
          "attributes": {
            "create_date": "2022-06-14T11:18:52Z",
            "encrypted_secret": null,
            "encrypted_ses_smtp_password_v4": null,
            "id": "AKIASPAP2IQF3APS63H4",
            "key_fingerprint": null,
            "pgp_key": null,
            "secret": null,
            "ses_smtp_password_v4": null,
            "status": "Active",
            "user": "dev-smtp-user"
          },
          "sensitive_attributes": []
        }
      ]
    },
    {
      "mode": "managed",
      "type": "aws_iam_access_key",
      "name": "AKIASPAP2IQF4JZXSPVK",
      "provider": "provider[\"registry.terraform.io/hashicorp/aws\"]",
      "instances": [
        {
          "schema_version": 0,
          "attributes": {
            "create_date": "2023-03-28T23:30:18Z",
            "encrypted_secret": null,
            "encrypted_ses_smtp_password_v4": null,
            "id": "AKIASPAP2IQF4JZXSPVK",
            "key_fingerprint": null,
            "pgp_key": null,
            "secret": null,
            "ses_smtp_password_v4": null,
            "status": "Active",
            "user": "airbyte-hackathon"
          },
          "sensitive_attributes": []
        }
      ]
    },
    {
      "mode": "managed",
      "type": "aws_iam_access_key",
      "name": "AKIASPAP2IQFSVX5GGNP",
      "provider": "provider[\"registry.terraform.io/hashicorp/aws\"]",
      "instances": [
        {
          "schema_version": 0,
          "attributes": {
            "create_date": "2023-02-03T09:32:22Z",
            "encrypted_secret": null,
            "encrypted_ses_smtp_password_v4": null,
            "id": "AKIASPAP2IQFSVX5GGNP",
            "key_fingerprint": null,
            "pgp_key": null,
            "secret": null,
            "ses_smtp_password_v4": null,
            "status": "Active",
            "user": "xvello-export-test"
          },
          "sensitive_attributes": []
        }
      ]
    },
    {
      "mode": "managed",
      "type": "aws_iam_access_key",
      "name": "AKIASPAP2IQFUQUCM357",
      "provider": "provider[\"registry.terraform.io/hashicorp/aws\"]",
      "instances": [
        {
          "schema_version": 0,
          "attributes": {
            "create_date": "2023-03-30T11:23:49Z",
            "encrypted_secret": null,
            "encrypted_ses_smtp_password_v4": null,
            "id": "AKIASPAP2IQFUQUCM357",
            "key_fingerprint": null,
            "pgp_key": null,
            "secret": null,
            "ses_smtp_password_v4": null,
            "status": "Active",
            "user": "s3disk"
          },
          "sensitive_attributes": []
        }
      ]
    },
    {
      "mode": "managed",
      "type": "aws_iam_access_key",
      "name": "AKIASPAP2IQFVC4XFNB5",
      "provider": "provider[\"registry.terraform.io/hashicorp/aws\"]",
      "instances": [
        {
          "schema_version": 0,
          "attributes": {
            "create_date": "2022-05-24T11:47:11Z",
            "encrypted_secret": null,
            "encrypted_ses_smtp_password_v4": null,
            "id": "AKIASPAP2IQFVC4XFNB5",
            "key_fingerprint": null,
            "pgp_key": null,
            "secret": null,
            "ses_smtp_password_v4": null,
            "status": "Active",
            "user": "posthog-app"
          },
          "sensitive_attributes": []
        }
      ]
    },
    {
      "mode": "managed",
      "type": "aws_iam_instance_profile",
      "name": "ch_node_profile",
      "provider": "provider[\"registry.terraform.io/hashicorp/aws\"]",
      "instances": [
        {
          "schema_version": 0,
          "attributes": {
            "arn": "arn:aws:iam::169684386827:instance-profile/ch-node-profile",
            "create_date": "2022-09-01T11:29:20Z",
            "id": "ch-node-profile",
            "name": "ch-node-profile",
            "name_prefix": "",
            "path": "/",
            "role": "clickhouse_ec2",
            "tags": {
              "Environment": "dev",
              "ManagedByTerraform": "true",
              "Region": "us-east-1"
            },
            "tags_all": {
              "Environment": "dev",
              "ManagedByTerraform": "true",
              "Region": "us-east-1"
            },
            "unique_id": "AIPASPAP2IQF5SPUEOOHO"
          },
          "sensitive_attributes": []
        }
      ]
    },
    {
      "mode": "managed",
      "type": "aws_iam_instance_profile",
      "name": "ec2_default",
      "provider": "provider[\"registry.terraform.io/hashicorp/aws\"]",
      "instances": [
        {
          "schema_version": 0,
          "attributes": {
            "arn": "arn:aws:iam::169684386827:instance-profile/ec2_default",
            "create_date": "2022-04-13T15:15:48Z",
            "id": "ec2_default",
            "name": "ec2_default",
            "name_prefix": "",
            "path": "/",
            "role": "ec2_default",
            "tags": {
              "Environment": "dev",
              "ManagedByTerraform": "true",
              "Region": "us-east-1"
            },
            "tags_all": {
              "Environment": "dev",
              "ManagedByTerraform": "true",
              "Region": "us-east-1"
            },
            "unique_id": "AIPASPAP2IQFTYNOOAOGF"
          },
          "sensitive_attributes": []
        }
      ]
    },
    {
      "mode": "managed",
      "type": "aws_iam_instance_profile",
      "name": "eks_02c2f245_65a0_9312_546e_2aba1d6e6a34",
      "provider": "provider[\"registry.terraform.io/hashicorp/aws\"]",
      "instances": [
        {
          "schema_version": 0,
          "attributes": {
            "arn": "arn:aws:iam::169684386827:instance-profile/eks-02c2f245-65a0-9312-546e-2aba1d6e6a34",
            "create_date": "2023-01-24T16:10:10Z",
            "id": "eks-02c2f245-65a0-9312-546e-2aba1d6e6a34",
            "name": "eks-02c2f245-65a0-9312-546e-2aba1d6e6a34",
            "name_prefix": "",
            "path": "/",
            "role": "az1-4xlarge-eks-node-group-20230124155745065400000006",
            "tags": {},
            "tags_all": {},
            "unique_id": "AIPASPAP2IQFQRUVYW7XZ"
          },
          "sensitive_attributes": []
        }
      ]
    },
    {
      "mode": "managed",
      "type": "aws_iam_instance_profile",
      "name": "eks_14c389a0_2891_7bc4_dc58_41d19310214f",
      "provider": "provider[\"registry.terraform.io/hashicorp/aws\"]",
      "instances": [
        {
          "schema_version": 0,
          "attributes": {
            "arn": "arn:aws:iam::169684386827:instance-profile/eks-14c389a0-2891-7bc4-dc58-41d19310214f",
            "create_date": "2023-03-24T10:53:33Z",
            "id": "eks-14c389a0-2891-7bc4-dc58-41d19310214f",
            "name": "eks-14c389a0-2891-7bc4-dc58-41d19310214f",
            "name_prefix": "",
            "path": "/",
            "role": "az3-arm64-eks-node-group-2023032410414449660000000a",
            "tags": {},
            "tags_all": {},
            "unique_id": "AIPASPAP2IQFZVUVPYJB7"
          },
          "sensitive_attributes": []
        }
      ]
    },
    {
      "mode": "managed",
      "type": "aws_iam_instance_profile",
      "name": "eks_16c37808_9c47_65fe_d976_5d0610534931",
      "provider": "provider[\"registry.terraform.io/hashicorp/aws\"]",
      "instances": [
        {
          "schema_version": 0,
          "attributes": {
            "arn": "arn:aws:iam::169684386827:instance-profile/eks-16c37808-9c47-65fe-d976-5d0610534931",
            "create_date": "2023-03-17T14:55:12Z",
            "id": "eks-16c37808-9c47-65fe-d976-5d0610534931",
            "name": "eks-16c37808-9c47-65fe-d976-5d0610534931",
            "name_prefix": "",
            "path": "/",
            "role": "az2-arm64-eks-node-group-20230119111552577000000007",
            "tags": {},
            "tags_all": {},
            "unique_id": "AIPASPAP2IQFWRFQNUYUP"
          },
          "sensitive_attributes": []
        }
      ]
    },
    {
      "mode": "managed",
      "type": "aws_iam_instance_profile",
      "name": "eks_1cc3a380_baae_0767_982a_fce0ae8b23f1",
      "provider": "provider[\"registry.terraform.io/hashicorp/aws\"]",
      "instances": [
        {
          "schema_version": 0,
          "attributes": {
            "arn": "arn:aws:iam::169684386827:instance-profile/eks-1cc3a380-baae-0767-982a-fce0ae8b23f1",
            "create_date": "2023-04-03T12:05:04Z",
            "id": "eks-1cc3a380-baae-0767-982a-fce0ae8b23f1",
            "name": "eks-1cc3a380-baae-0767-982a-fce0ae8b23f1",
            "name_prefix": "",
            "path": "/",
            "role": "az2-arm64-br-eks-node-group-2023040311534853840000000e",
            "tags": {},
            "tags_all": {},
            "unique_id": "AIPASPAP2IQF7AMGBXNIG"
          },
          "sensitive_attributes": []
        }
      ]
    },
    {
      "mode": "managed",
      "type": "aws_iam_instance_profile",
      "name": "eks_20c3a380_ba5a_cee4_50d5_884a5e38e5bd",
      "provider": "provider[\"registry.terraform.io/hashicorp/aws\"]",
      "instances": [
        {
          "schema_version": 0,
          "attributes": {
            "arn": "arn:aws:iam::169684386827:instance-profile/eks-20c3a380-ba5a-cee4-50d5-884a5e38e5bd",
            "create_date": "2023-04-03T12:04:54Z",
            "id": "eks-20c3a380-ba5a-cee4-50d5-884a5e38e5bd",
            "name": "eks-20c3a380-ba5a-cee4-50d5-884a5e38e5bd",
            "name_prefix": "",
            "path": "/",
            "role": "az1-arm64-eks-node-group-20230403115346682300000007",
            "tags": {},
            "tags_all": {},
            "unique_id": "AIPASPAP2IQFUOB7EDYXS"
          },
          "sensitive_attributes": []
        }
      ]
    },
    {
      "mode": "managed",
      "type": "aws_iam_instance_profile",
      "name": "eks_22c37f1e_b4e7_6d8b_41a1_65797d513a80",
      "provider": "provider[\"registry.terraform.io/hashicorp/aws\"]",
      "instances": [
        {
          "schema_version": 0,
          "attributes": {
            "arn": "arn:aws:iam::169684386827:instance-profile/eks-22c37f1e-b4e7-6d8b-41a1-65797d513a80",
            "create_date": "2023-03-20T08:58:22Z",
            "id": "eks-22c37f1e-b4e7-6d8b-41a1-65797d513a80",
            "name": "eks-22c37f1e-b4e7-6d8b-41a1-65797d513a80",
            "name_prefix": "",
            "path": "/",
            "role": "az3-4xlarge-eks-node-group-2023031716524301070000000f",
            "tags": {},
            "tags_all": {},
            "unique_id": "AIPASPAP2IQFRSV63X6CN"
          },
          "sensitive_attributes": []
        }
      ]
    },
    {
      "mode": "managed",
      "type": "aws_iam_instance_profile",
      "name": "eks_26c37f1e_b4e4_2e8c_8c57_626a4ec78f94",
      "provider": "provider[\"registry.terraform.io/hashicorp/aws\"]",
      "instances": [
        {
          "schema_version": 0,
          "attributes": {
            "arn": "arn:aws:iam::169684386827:instance-profile/eks-26c37f1e-b4e4-2e8c-8c57-626a4ec78f94",
            "create_date": "2023-03-20T08:58:22Z",
            "id": "eks-26c37f1e-b4e4-2e8c-8c57-626a4ec78f94",
            "name": "eks-26c37f1e-b4e4-2e8c-8c57-626a4ec78f94",
            "name_prefix": "",
            "path": "/",
            "role": "az1-4xlarge-eks-node-group-2023031716524215360000000b",
            "tags": {},
            "tags_all": {},
            "unique_id": "AIPASPAP2IQF5BNI4DJLH"
          },
          "sensitive_attributes": []
        }
      ]
    },
    {
      "mode": "managed",
      "type": "aws_iam_instance_profile",
      "name": "eks_28c389bd_500d_9877_4d9c_34933b382366",
      "provider": "provider[\"registry.terraform.io/hashicorp/aws\"]",
      "instances": [
        {
          "schema_version": 0,
          "attributes": {
            "arn": "arn:aws:iam::169684386827:instance-profile/eks-28c389bd-500d-9877-4d9c-34933b382366",
            "create_date": "2023-03-24T11:57:13Z",
            "id": "eks-28c389bd-500d-9877-4d9c-34933b382366",
            "name": "eks-28c389bd-500d-9877-4d9c-34933b382366",
            "name_prefix": "",
            "path": "/",
            "role": "az2-4xlarge-eks-node-group-20230324114603621900000010",
            "tags": {},
            "tags_all": {},
            "unique_id": "AIPASPAP2IQF23U2YSTRN"
          },
          "sensitive_attributes": []
        }
      ]
    },
    {
      "mode": "managed",
      "type": "aws_iam_instance_profile",
      "name": "eks_2cc389a0_2869_11e1_beed_369f39c2e341",
      "provider": "provider[\"registry.terraform.io/hashicorp/aws\"]",
      "instances": [
        {
          "schema_version": 0,
          "attributes": {
            "arn": "arn:aws:iam::169684386827:instance-profile/eks-2cc389a0-2869-11e1-beed-369f39c2e341",
            "create_date": "2023-03-24T10:53:21Z",
            "id": "eks-2cc389a0-2869-11e1-beed-369f39c2e341",
            "name": "eks-2cc389a0-2869-11e1-beed-369f39c2e341",
            "name_prefix": "",
            "path": "/",
            "role": "az2-arm64-br-eks-node-group-20230324104144290800000005",
            "tags": {},
            "tags_all": {},
            "unique_id": "AIPASPAP2IQF3XM3RAGNG"
          },
          "sensitive_attributes": []
        }
      ]
    },
    {
      "mode": "managed",
      "type": "aws_iam_instance_profile",
      "name": "eks_2ec2f245_6472_41f0_5f95_959e21b48e01",
      "provider": "provider[\"registry.terraform.io/hashicorp/aws\"]",
      "instances": [
        {
          "schema_version": 0,
          "attributes": {
            "arn": "arn:aws:iam::169684386827:instance-profile/eks-2ec2f245-6472-41f0-5f95-959e21b48e01",
            "create_date": "2023-01-24T16:09:45Z",
            "id": "eks-2ec2f245-6472-41f0-5f95-959e21b48e01",
            "name": "eks-2ec2f245-6472-41f0-5f95-959e21b48e01",
            "name_prefix": "",
            "path": "/",
            "role": "az3-4xlarge-eks-node-group-20230124155745058300000004",
            "tags": {},
            "tags_all": {},
            "unique_id": "AIPASPAP2IQFYLVADEGUG"
          },
          "sensitive_attributes": []
        }
      ]
    },
    {
      "mode": "managed",
      "type": "aws_iam_instance_profile",
      "name": "eks_30c37838_3777_a1df_3644_04040182940d",
      "provider": "provider[\"registry.terraform.io/hashicorp/aws\"]",
      "instances": [
        {
          "schema_version": 0,
          "attributes": {
            "arn": "arn:aws:iam::169684386827:instance-profile/eks-30c37838-3777-a1df-3644-04040182940d",
            "create_date": "2023-03-17T16:39:24Z",
            "id": "eks-30c37838-3777-a1df-3644-04040182940d",
            "name": "eks-30c37838-3777-a1df-3644-04040182940d",
            "name_prefix": "",
            "path": "/",
            "role": "az3-4xlarge-eks-node-group-20220823125548120400000008",
            "tags": {},
            "tags_all": {},
            "unique_id": "AIPASPAP2IQFZCBKZ7VSQ"
          },
          "sensitive_attributes": []
        }
      ]
    },
    {
      "mode": "managed",
      "type": "aws_iam_instance_profile",
      "name": "eks_32c37838_378b_1f94_92ff_b3e7f3e0b76f",
      "provider": "provider[\"registry.terraform.io/hashicorp/aws\"]",
      "instances": [
        {
          "schema_version": 0,
          "attributes": {
            "arn": "arn:aws:iam::169684386827:instance-profile/eks-32c37838-378b-1f94-92ff-b3e7f3e0b76f",
            "create_date": "2023-03-17T16:39:40Z",
            "id": "eks-32c37838-378b-1f94-92ff-b3e7f3e0b76f",
            "name": "eks-32c37838-378b-1f94-92ff-b3e7f3e0b76f",
            "name_prefix": "",
            "path": "/",
            "role": "az2-arm64-eks-node-group-20230119111552577000000007",
            "tags": {},
            "tags_all": {},
            "unique_id": "AIPASPAP2IQFQSVLHCDK2"
          },
          "sensitive_attributes": []
        }
      ]
    },
    {
      "mode": "managed",
      "type": "aws_iam_instance_profile",
      "name": "eks_38c389bd_4a71_7bee_c335_f55fc73b65e7",
      "provider": "provider[\"registry.terraform.io/hashicorp/aws\"]",
      "instances": [
        {
          "schema_version": 0,
          "attributes": {
            "arn": "arn:aws:iam::169684386827:instance-profile/eks-38c389bd-4a71-7bee-c335-f55fc73b65e7",
            "create_date": "2023-03-24T11:57:37Z",
            "id": "eks-38c389bd-4a71-7bee-c335-f55fc73b65e7",
            "name": "eks-38c389bd-4a71-7bee-c335-f55fc73b65e7",
            "name_prefix": "",
            "path": "/",
            "role": "az3-4xlarge-eks-node-group-2023032411460362100000000f",
            "tags": {},
            "tags_all": {},
            "unique_id": "AIPASPAP2IQF2SE6QHNTF"
          },
          "sensitive_attributes": []
        }
      ]
    },
    {
      "mode": "managed",
      "type": "aws_iam_instance_profile",
      "name": "eks_3ec37810_0e9a_ebd7_baec_92ca92dfc6bd",
      "provider": "provider[\"registry.terraform.io/hashicorp/aws\"]",
      "instances": [
        {
          "schema_version": 0,
          "attributes": {
            "arn": "arn:aws:iam::169684386827:instance-profile/eks-3ec37810-0e9a-ebd7-baec-92ca92dfc6bd",
            "create_date": "2023-03-17T15:11:47Z",
            "id": "eks-3ec37810-0e9a-ebd7-baec-92ca92dfc6bd",
            "name": "eks-3ec37810-0e9a-ebd7-baec-92ca92dfc6bd",
            "name_prefix": "",
            "path": "/",
            "role": "az2-arm64-eks-node-group-20230119111552577000000007",
            "tags": {},
            "tags_all": {},
            "unique_id": "AIPASPAP2IQFTQ6DLCN4D"
          },
          "sensitive_attributes": []
        }
      ]
    },
    {
      "mode": "managed",
      "type": "aws_iam_instance_profile",
      "name": "eks_3ec389a0_28d3_96c2_362d_c9ec9f8eb95a",
      "provider": "provider[\"registry.terraform.io/hashicorp/aws\"]",
      "instances": [
        {
          "schema_version": 0,
          "attributes": {
            "arn": "arn:aws:iam::169684386827:instance-profile/eks-3ec389a0-28d3-96c2-362d-c9ec9f8eb95a",
            "create_date": "2023-03-24T10:53:32Z",
            "id": "eks-3ec389a0-28d3-96c2-362d-c9ec9f8eb95a",
            "name": "eks-3ec389a0-28d3-96c2-362d-c9ec9f8eb95a",
            "name_prefix": "",
            "path": "/",
            "role": "az2-arm64-eks-node-group-20230324104144293600000007",
            "tags": {},
            "tags_all": {},
            "unique_id": "AIPASPAP2IQF3XJ7O76FK"
          },
          "sensitive_attributes": []
        }
      ]
    },
    {
      "mode": "managed",
      "type": "aws_iam_instance_profile",
      "name": "eks_40c37808_9c46_c30a_df75_e61c7cbbb62a",
      "provider": "provider[\"registry.terraform.io/hashicorp/aws\"]",
      "instances": [
        {
          "schema_version": 0,
          "attributes": {
            "arn": "arn:aws:iam::169684386827:instance-profile/eks-40c37808-9c46-c30a-df75-e61c7cbbb62a",
            "create_date": "2023-03-17T14:55:14Z",
            "id": "eks-40c37808-9c46-c30a-df75-e61c7cbbb62a",
            "name": "eks-40c37808-9c46-c30a-df75-e61c7cbbb62a",
            "name_prefix": "",
            "path": "/",
            "role": "az1-4xlarge-eks-node-group-20220823125548116500000007",
            "tags": {},
            "tags_all": {},
            "unique_id": "AIPASPAP2IQF2ABSQD2UR"
          },
          "sensitive_attributes": []
        }
      ]
    },
    {
      "mode": "managed",
      "type": "aws_iam_instance_profile",
      "name": "eks_4cc37838_3786_1f0f_3bbc_2553b6c97f66",
      "provider": "provider[\"registry.terraform.io/hashicorp/aws\"]",
      "instances": [
        {
          "schema_version": 0,
          "attributes": {
            "arn": "arn:aws:iam::169684386827:instance-profile/eks-4cc37838-3786-1f0f-3bbc-2553b6c97f66",
            "create_date": "2023-03-17T16:39:26Z",
            "id": "eks-4cc37838-3786-1f0f-3bbc-2553b6c97f66",
            "name": "eks-4cc37838-3786-1f0f-3bbc-2553b6c97f66",
            "name_prefix": "",
            "path": "/",
            "role": "az1-arm64-eks-node-group-20230119111552802300000008",
            "tags": {},
            "tags_all": {},
            "unique_id": "AIPASPAP2IQFVJYQNW4JF"
          },
          "sensitive_attributes": []
        }
      ]
    },
    {
      "mode": "managed",
      "type": "aws_iam_instance_profile",
      "name": "eks_4cc37f1e_b4e9_720e_f3ed_4a4297ecd8cf",
      "provider": "provider[\"registry.terraform.io/hashicorp/aws\"]",
      "instances": [
        {
          "schema_version": 0,
          "attributes": {
            "arn": "arn:aws:iam::169684386827:instance-profile/eks-4cc37f1e-b4e9-720e-f3ed-4a4297ecd8cf",
            "create_date": "2023-03-20T08:58:10Z",
            "id": "eks-4cc37f1e-b4e9-720e-f3ed-4a4297ecd8cf",
            "name": "eks-4cc37f1e-b4e9-720e-f3ed-4a4297ecd8cf",
            "name_prefix": "",
            "path": "/",
            "role": "az2-4xlarge-eks-node-group-20230317165241279100000006",
            "tags": {},
            "tags_all": {},
            "unique_id": "AIPASPAP2IQF2XVTBR6R2"
          },
          "sensitive_attributes": []
        }
      ]
    },
    {
      "mode": "managed",
      "type": "aws_iam_instance_profile",
      "name": "eks_4cc389bd_4a48_5e93_7dee_dbc32ead9029",
      "provider": "provider[\"registry.terraform.io/hashicorp/aws\"]",
      "instances": [
        {
          "schema_version": 0,
          "attributes": {
            "arn": "arn:aws:iam::169684386827:instance-profile/eks-4cc389bd-4a48-5e93-7dee-dbc32ead9029",
            "create_date": "2023-03-24T11:57:23Z",
            "id": "eks-4cc389bd-4a48-5e93-7dee-dbc32ead9029",
            "name": "eks-4cc389bd-4a48-5e93-7dee-dbc32ead9029",
            "name_prefix": "",
            "path": "/",
            "role": "az3-arm64-eks-node-group-20230324114602108600000006",
            "tags": {},
            "tags_all": {},
            "unique_id": "AIPASPAP2IQFWDCE266CH"
          },
          "sensitive_attributes": []
        }
      ]
    },
    {
      "mode": "managed",
      "type": "aws_iam_instance_profile",
      "name": "eks_4ec37f1e_b4e2_9512_2e84_6df3164c1b9d",
      "provider": "provider[\"registry.terraform.io/hashicorp/aws\"]",
      "instances": [
        {
          "schema_version": 0,
          "attributes": {
            "arn": "arn:aws:iam::169684386827:instance-profile/eks-4ec37f1e-b4e2-9512-2e84-6df3164c1b9d",
            "create_date": "2023-03-20T08:58:16Z",
            "id": "eks-4ec37f1e-b4e2-9512-2e84-6df3164c1b9d",
            "name": "eks-4ec37f1e-b4e2-9512-2e84-6df3164c1b9d",
            "name_prefix": "",
            "path": "/",
            "role": "az1-arm64-eks-node-group-2023031716524216890000000c",
            "tags": {},
            "tags_all": {},
            "unique_id": "AIPASPAP2IQF3X6SP4ATM"
          },
          "sensitive_attributes": []
        }
      ]
    },
    {
      "mode": "managed",
      "type": "aws_iam_instance_profile",
      "name": "eks_4ec389bd_4e5a_0141_f15d_d22a98035fae",
      "provider": "provider[\"registry.terraform.io/hashicorp/aws\"]",
      "instances": [
        {
          "schema_version": 0,
          "attributes": {
            "arn": "arn:aws:iam::169684386827:instance-profile/eks-4ec389bd-4e5a-0141-f15d-d22a98035fae",
            "create_date": "2023-03-24T11:57:00Z",
            "id": "eks-4ec389bd-4e5a-0141-f15d-d22a98035fae",
            "name": "eks-4ec389bd-4e5a-0141-f15d-d22a98035fae",
            "name_prefix": "",
            "path": "/",
            "role": "az2-arm64-eks-node-group-2023032411460269400000000c",
            "tags": {},
            "tags_all": {},
            "unique_id": "AIPASPAP2IQFZG6UNM3TC"
          },
          "sensitive_attributes": []
        }
      ]
    },
    {
      "mode": "managed",
      "type": "aws_iam_instance_profile",
      "name": "eks_54c37f1e_b4f5_b419_90d5_61f19d340492",
      "provider": "provider[\"registry.terraform.io/hashicorp/aws\"]",
      "instances": [
        {
          "schema_version": 0,
          "attributes": {
            "arn": "arn:aws:iam::169684386827:instance-profile/eks-54c37f1e-b4f5-b419-90d5-61f19d340492",
            "create_date": "2023-03-20T08:58:21Z",
            "id": "eks-54c37f1e-b4f5-b419-90d5-61f19d340492",
            "name": "eks-54c37f1e-b4f5-b419-90d5-61f19d340492",
            "name_prefix": "",
            "path": "/",
            "role": "az3-arm64-eks-node-group-2023031716524290590000000e",
            "tags": {},
            "tags_all": {},
            "unique_id": "AIPASPAP2IQFTKI6NOJEO"
          },
          "sensitive_attributes": []
        }
      ]
    },
    {
      "mode": "managed",
      "type": "aws_iam_instance_profile",
      "name": "eks_56c37fca_8237_d85b_6edb_b9197a3ff13a",
      "provider": "provider[\"registry.terraform.io/hashicorp/aws\"]",
      "instances": [
        {
          "schema_version": 0,
          "attributes": {
            "arn": "arn:aws:iam::169684386827:instance-profile/eks-56c37fca-8237-d85b-6edb-b9197a3ff13a",
            "create_date": "2023-03-20T15:13:26Z",
            "id": "eks-56c37fca-8237-d85b-6edb-b9197a3ff13a",
            "name": "eks-56c37fca-8237-d85b-6edb-b9197a3ff13a",
            "name_prefix": "",
            "path": "/",
            "role": "az2-arm64-br-eks-node-group-20230320151316428000000002",
            "tags": {},
            "tags_all": {},
            "unique_id": "AIPASPAP2IQFWCUO7CXS4"
          },
          "sensitive_attributes": []
        }
      ]
    },
    {
      "mode": "managed",
      "type": "aws_iam_instance_profile",
      "name": "eks_5ec389bd_48b1_7286_f4d4_7e3c6b790236",
      "provider": "provider[\"registry.terraform.io/hashicorp/aws\"]",
      "instances": [
        {
          "schema_version": 0,
          "attributes": {
            "arn": "arn:aws:iam::169684386827:instance-profile/eks-5ec389bd-48b1-7286-f4d4-7e3c6b790236",
            "create_date": "2023-03-24T11:56:59Z",
            "id": "eks-5ec389bd-48b1-7286-f4d4-7e3c6b790236",
            "name": "eks-5ec389bd-48b1-7286-f4d4-7e3c6b790236",
            "name_prefix": "",
            "path": "/",
            "role": "az1-arm64-eks-node-group-2023032411460262940000000b",
            "tags": {},
            "tags_all": {},
            "unique_id": "AIPASPAP2IQFSKHENXZBF"
          },
          "sensitive_attributes": []
        }
      ]
    },
    {
      "mode": "managed",
      "type": "aws_iam_instance_profile",
      "name": "eks_60c2f245_6555_5f5d_a3d3_df7e82c9464b",
      "provider": "provider[\"registry.terraform.io/hashicorp/aws\"]",
      "instances": [
        {
          "schema_version": 0,
          "attributes": {
            "arn": "arn:aws:iam::169684386827:instance-profile/eks-60c2f245-6555-5f5d-a3d3-df7e82c9464b",
            "create_date": "2023-01-24T16:09:57Z",
            "id": "eks-60c2f245-6555-5f5d-a3d3-df7e82c9464b",
            "name": "eks-60c2f245-6555-5f5d-a3d3-df7e82c9464b",
            "name_prefix": "",
            "path": "/",
            "role": "az1-arm64-eks-node-group-20230124155745066900000009",
            "tags": {},
            "tags_all": {},
            "unique_id": "AIPASPAP2IQF7EHVIL6V3"
          },
          "sensitive_attributes": []
        }
      ]
    },
    {
      "mode": "managed",
      "type": "aws_iam_instance_profile",
      "name": "eks_7cc389a0_29ca_fe23_355a_867ae3780ba3",
      "provider": "provider[\"registry.terraform.io/hashicorp/aws\"]",
      "instances": [
        {
          "schema_version": 0,
          "attributes": {
            "arn": "arn:aws:iam::169684386827:instance-profile/eks-7cc389a0-29ca-fe23-355a-867ae3780ba3",
            "create_date": "2023-03-24T10:53:33Z",
            "id": "eks-7cc389a0-29ca-fe23-355a-867ae3780ba3",
            "name": "eks-7cc389a0-29ca-fe23-355a-867ae3780ba3",
            "name_prefix": "",
            "path": "/",
            "role": "az1-4xlarge-eks-node-group-20230324104144291700000006",
            "tags": {},
            "tags_all": {},
            "unique_id": "AIPASPAP2IQFSOOBHB2QQ"
          },
          "sensitive_attributes": []
        }
      ]
    },
    {
      "mode": "managed",
      "type": "aws_iam_instance_profile",
      "name": "eks_80c2f245_6540_472d_644f_75ec29ce455a",
      "provider": "provider[\"registry.terraform.io/hashicorp/aws\"]",
      "instances": [
        {
          "schema_version": 0,
          "attributes": {
            "arn": "arn:aws:iam::169684386827:instance-profile/eks-80c2f245-6540-472d-644f-75ec29ce455a",
            "create_date": "2023-01-24T16:09:52Z",
            "id": "eks-80c2f245-6540-472d-644f-75ec29ce455a",
            "name": "eks-80c2f245-6540-472d-644f-75ec29ce455a",
            "name_prefix": "",
            "path": "/",
            "role": "az2-arm64-eks-node-group-20230124155745059900000005",
            "tags": {},
            "tags_all": {},
            "unique_id": "AIPASPAP2IQF2VVKXKJKU"
          },
          "sensitive_attributes": []
        }
      ]
    },
    {
      "mode": "managed",
      "type": "aws_iam_instance_profile",
      "name": "eks_80c389a0_285a_8c61_2739_39ee55610ed3",
      "provider": "provider[\"registry.terraform.io/hashicorp/aws\"]",
      "instances": [
        {
          "schema_version": 0,
          "attributes": {
            "arn": "arn:aws:iam::169684386827:instance-profile/eks-80c389a0-285a-8c61-2739-39ee55610ed3",
            "create_date": "2023-03-24T10:53:21Z",
            "id": "eks-80c389a0-285a-8c61-2739-39ee55610ed3",
            "name": "eks-80c389a0-285a-8c61-2739-39ee55610ed3",
            "name_prefix": "",
            "path": "/",
            "role": "az1-arm64-eks-node-group-20230324104144295600000008",
            "tags": {},
            "tags_all": {},
            "unique_id": "AIPASPAP2IQF7VNLFBL4K"
          },
          "sensitive_attributes": []
        }
      ]
    },
    {
      "mode": "managed",
      "type": "aws_iam_instance_profile",
      "name": "eks_8ac37838_37a1_cf00_bd30_f11c3a4b2a88",
      "provider": "provider[\"registry.terraform.io/hashicorp/aws\"]",
      "instances": [
        {
          "schema_version": 0,
          "attributes": {
            "arn": "arn:aws:iam::169684386827:instance-profile/eks-8ac37838-37a1-cf00-bd30-f11c3a4b2a88",
            "create_date": "2023-03-17T16:39:27Z",
            "id": "eks-8ac37838-37a1-cf00-bd30-f11c3a4b2a88",
            "name": "eks-8ac37838-37a1-cf00-bd30-f11c3a4b2a88",
            "name_prefix": "",
            "path": "/",
            "role": "az1-4xlarge-eks-node-group-20220823125548116500000007",
            "tags": {},
            "tags_all": {},
            "unique_id": "AIPASPAP2IQF2O4QBIXA3"
          },
          "sensitive_attributes": []
        }
      ]
    },
    {
      "mode": "managed",
      "type": "aws_iam_instance_profile",
      "name": "eks_90c2f245_6565_9a87_d0f0_ada8deb3f638",
      "provider": "provider[\"registry.terraform.io/hashicorp/aws\"]",
      "instances": [
        {
          "schema_version": 0,
          "attributes": {
            "arn": "arn:aws:iam::169684386827:instance-profile/eks-90c2f245-6565-9a87-d0f0-ada8deb3f638",
            "create_date": "2023-01-24T16:09:58Z",
            "id": "eks-90c2f245-6565-9a87-d0f0-ada8deb3f638",
            "name": "eks-90c2f245-6565-9a87-d0f0-ada8deb3f638",
            "name_prefix": "",
            "path": "/",
            "role": "az3-arm64-eks-node-group-20230124155745066600000008",
            "tags": {},
            "tags_all": {},
            "unique_id": "AIPASPAP2IQFVWYVB5EBA"
          },
          "sensitive_attributes": []
        }
      ]
    },
    {
      "mode": "managed",
      "type": "aws_iam_instance_profile",
      "name": "eks_92c3a380_bbde_6e29_1289_acfde42766e7",
      "provider": "provider[\"registry.terraform.io/hashicorp/aws\"]",
      "instances": [
        {
          "schema_version": 0,
          "attributes": {
            "arn": "arn:aws:iam::169684386827:instance-profile/eks-92c3a380-bbde-6e29-1289-acfde42766e7",
            "create_date": "2023-04-03T12:05:11Z",
            "id": "eks-92c3a380-bbde-6e29-1289-acfde42766e7",
            "name": "eks-92c3a380-bbde-6e29-1289-acfde42766e7",
            "name_prefix": "",
            "path": "/",
            "role": "az1-4xlarge-eks-node-group-2023040311534749630000000c",
            "tags": {},
            "tags_all": {},
            "unique_id": "AIPASPAP2IQF6QHUGEGXP"
          },
          "sensitive_attributes": []
        }
      ]
    },
    {
      "mode": "managed",
      "type": "aws_iam_instance_profile",
      "name": "eks_9cc3a380_ba51_5bc4_9831_10de83cfae98",
      "provider": "provider[\"registry.terraform.io/hashicorp/aws\"]",
      "instances": [
        {
          "schema_version": 0,
          "attributes": {
            "arn": "arn:aws:iam::169684386827:instance-profile/eks-9cc3a380-ba51-5bc4-9831-10de83cfae98",
            "create_date": "2023-04-03T12:05:08Z",
            "id": "eks-9cc3a380-ba51-5bc4-9831-10de83cfae98",
            "name": "eks-9cc3a380-ba51-5bc4-9831-10de83cfae98",
            "name_prefix": "",
            "path": "/",
            "role": "az2-arm64-eks-node-group-20230403115348557700000010",
            "tags": {},
            "tags_all": {},
            "unique_id": "AIPASPAP2IQFVJZJHVEWO"
          },
          "sensitive_attributes": []
        }
      ]
    },
    {
      "mode": "managed",
      "type": "aws_iam_instance_profile",
      "name": "eks_9ec37810_0e9e_6f1d_8376_4d0923372aa3",
      "provider": "provider[\"registry.terraform.io/hashicorp/aws\"]",
      "instances": [
        {
          "schema_version": 0,
          "attributes": {
            "arn": "arn:aws:iam::169684386827:instance-profile/eks-9ec37810-0e9e-6f1d-8376-4d0923372aa3",
            "create_date": "2023-03-17T15:11:28Z",
            "id": "eks-9ec37810-0e9e-6f1d-8376-4d0923372aa3",
            "name": "eks-9ec37810-0e9e-6f1d-8376-4d0923372aa3",
            "name_prefix": "",
            "path": "/",
            "role": "az2-4xlarge-eks-node-group-20220823125548127600000009",
            "tags": {},
            "tags_all": {},
            "unique_id": "AIPASPAP2IQF67VM2T2ZK"
          },
          "sensitive_attributes": []
        }
      ]
    },
    {
      "mode": "managed",
      "type": "aws_iam_instance_profile",
      "name": "eks_a8c37810_0e9a_e891_b108_b67e2e65896d",
      "provider": "provider[\"registry.terraform.io/hashicorp/aws\"]",
      "instances": [
        {
          "schema_version": 0,
          "attributes": {
            "arn": "arn:aws:iam::169684386827:instance-profile/eks-a8c37810-0e9a-e891-b108-b67e2e65896d",
            "create_date": "2023-03-17T15:11:54Z",
            "id": "eks-a8c37810-0e9a-e891-b108-b67e2e65896d",
            "name": "eks-a8c37810-0e9a-e891-b108-b67e2e65896d",
            "name_prefix": "",
            "path": "/",
            "role": "az1-4xlarge-eks-node-group-20220823125548116500000007",
            "tags": {},
            "tags_all": {},
            "unique_id": "AIPASPAP2IQFWWEWMFTFY"
          },
          "sensitive_attributes": []
        }
      ]
    },
    {
      "mode": "managed",
      "type": "aws_iam_instance_profile",
      "name": "eks_a8c3a380_baed_02f0_b38d_2ff1abefcf9c",
      "provider": "provider[\"registry.terraform.io/hashicorp/aws\"]",
      "instances": [
        {
          "schema_version": 0,
          "attributes": {
            "arn": "arn:aws:iam::169684386827:instance-profile/eks-a8c3a380-baed-02f0-b38d-2ff1abefcf9c",
            "create_date": "2023-04-03T12:04:56Z",
            "id": "eks-a8c3a380-baed-02f0-b38d-2ff1abefcf9c",
            "name": "eks-a8c3a380-baed-02f0-b38d-2ff1abefcf9c",
            "name_prefix": "",
            "path": "/",
            "role": "az3-arm64-eks-node-group-2023040311534854510000000f",
            "tags": {},
            "tags_all": {},
            "unique_id": "AIPASPAP2IQFZTIJ6DK7A"
          },
          "sensitive_attributes": []
        }
      ]
    },
    {
      "mode": "managed",
      "type": "aws_iam_instance_profile",
      "name": "eks_b2c389bd_48c0_1e48_23f4_f9ab464b2bb4",
      "provider": "provider[\"registry.terraform.io/hashicorp/aws\"]",
      "instances": [
        {
          "schema_version": 0,
          "attributes": {
            "arn": "arn:aws:iam::169684386827:instance-profile/eks-b2c389bd-48c0-1e48-23f4-f9ab464b2bb4",
            "create_date": "2023-03-24T11:57:10Z",
            "id": "eks-b2c389bd-48c0-1e48-23f4-f9ab464b2bb4",
            "name": "eks-b2c389bd-48c0-1e48-23f4-f9ab464b2bb4",
            "name_prefix": "",
            "path": "/",
            "role": "az2-arm64-br-eks-node-group-2023032411460319150000000d",
            "tags": {},
            "tags_all": {},
            "unique_id": "AIPASPAP2IQFSBZHOX5S2"
          },
          "sensitive_attributes": []
        }
      ]
    },
    {
      "mode": "managed",
      "type": "aws_iam_instance_profile",
      "name": "eks_c6c37810_0eb0_7126_93fb_8174a0af44c3",
      "provider": "provider[\"registry.terraform.io/hashicorp/aws\"]",
      "instances": [
        {
          "schema_version": 0,
          "attributes": {
            "arn": "arn:aws:iam::169684386827:instance-profile/eks-c6c37810-0eb0-7126-93fb-8174a0af44c3",
            "create_date": "2023-03-17T15:11:55Z",
            "id": "eks-c6c37810-0eb0-7126-93fb-8174a0af44c3",
            "name": "eks-c6c37810-0eb0-7126-93fb-8174a0af44c3",
            "name_prefix": "",
            "path": "/",
            "role": "az1-arm64-eks-node-group-20230119111552802300000008",
            "tags": {},
            "tags_all": {},
            "unique_id": "AIPASPAP2IQF3L4LJOOYV"
          },
          "sensitive_attributes": []
        }
      ]
    },
    {
      "mode": "managed",
      "type": "aws_iam_instance_profile",
      "name": "eks_c8c37838_3776_bb61_fb4c_961749c6a26c",
      "provider": "provider[\"registry.terraform.io/hashicorp/aws\"]",
      "instances": [
        {
          "schema_version": 0,
          "attributes": {
            "arn": "arn:aws:iam::169684386827:instance-profile/eks-c8c37838-3776-bb61-fb4c-961749c6a26c",
            "create_date": "2023-03-17T16:39:12Z",
            "id": "eks-c8c37838-3776-bb61-fb4c-961749c6a26c",
            "name": "eks-c8c37838-3776-bb61-fb4c-961749c6a26c",
            "name_prefix": "",
            "path": "/",
            "role": "az3-arm64-eks-node-group-20230119111552912300000009",
            "tags": {},
            "tags_all": {},
            "unique_id": "AIPASPAP2IQFUUEQQENWG"
          },
          "sensitive_attributes": []
        }
      ]
    },
    {
      "mode": "managed",
      "type": "aws_iam_instance_profile",
      "name": "eks_cac37838_3779_890f_b451_53437736a10e",
      "provider": "provider[\"registry.terraform.io/hashicorp/aws\"]",
      "instances": [
        {
          "schema_version": 0,
          "attributes": {
            "arn": "arn:aws:iam::169684386827:instance-profile/eks-cac37838-3779-890f-b451-53437736a10e",
            "create_date": "2023-03-17T16:39:31Z",
            "id": "eks-cac37838-3779-890f-b451-53437736a10e",
            "name": "eks-cac37838-3779-890f-b451-53437736a10e",
            "name_prefix": "",
            "path": "/",
            "role": "az2-4xlarge-eks-node-group-20220823125548127600000009",
            "tags": {},
            "tags_all": {},
            "unique_id": "AIPASPAP2IQF75IYVCQYY"
          },
          "sensitive_attributes": []
        }
      ]
    },
    {
      "mode": "managed",
      "type": "aws_iam_instance_profile",
      "name": "eks_d2c37808_9c4f_0c69_0699_39b0d0162e8c",
      "provider": "provider[\"registry.terraform.io/hashicorp/aws\"]",
      "instances": [
        {
          "schema_version": 0,
          "attributes": {
            "arn": "arn:aws:iam::169684386827:instance-profile/eks-d2c37808-9c4f-0c69-0699-39b0d0162e8c",
            "create_date": "2023-03-17T14:55:25Z",
            "id": "eks-d2c37808-9c4f-0c69-0699-39b0d0162e8c",
            "name": "eks-d2c37808-9c4f-0c69-0699-39b0d0162e8c",
            "name_prefix": "",
            "path": "/",
            "role": "az3-4xlarge-eks-node-group-20220823125548120400000008",
            "tags": {},
            "tags_all": {},
            "unique_id": "AIPASPAP2IQF7VMQB4XZY"
          },
          "sensitive_attributes": []
        }
      ]
    },
    {
      "mode": "managed",
      "type": "aws_iam_instance_profile",
      "name": "eks_d2c389a0_2881_aa27_c061_41b0d832783d",
      "provider": "provider[\"registry.terraform.io/hashicorp/aws\"]",
      "instances": [
        {
          "schema_version": 0,
          "attributes": {
            "arn": "arn:aws:iam::169684386827:instance-profile/eks-d2c389a0-2881-aa27-c061-41b0d832783d",
            "create_date": "2023-03-24T10:53:21Z",
            "id": "eks-d2c389a0-2881-aa27-c061-41b0d832783d",
            "name": "eks-d2c389a0-2881-aa27-c061-41b0d832783d",
            "name_prefix": "",
            "path": "/",
            "role": "az2-4xlarge-eks-node-group-20230324104144296000000009",
            "tags": {},
            "tags_all": {},
            "unique_id": "AIPASPAP2IQFT3UGJEV4M"
          },
          "sensitive_attributes": []
        }
      ]
    },
    {
      "mode": "managed",
      "type": "aws_iam_instance_profile",
      "name": "eks_d4c2f245_6555_4c4f_f2b0_1a680bdd7986",
      "provider": "provider[\"registry.terraform.io/hashicorp/aws\"]",
      "instances": [
        {
          "schema_version": 0,
          "attributes": {
            "arn": "arn:aws:iam::169684386827:instance-profile/eks-d4c2f245-6555-4c4f-f2b0-1a680bdd7986",
            "create_date": "2023-01-24T16:09:57Z",
            "id": "eks-d4c2f245-6555-4c4f-f2b0-1a680bdd7986",
            "name": "eks-d4c2f245-6555-4c4f-f2b0-1a680bdd7986",
            "name_prefix": "",
            "path": "/",
            "role": "az2-4xlarge-eks-node-group-2023012415574590030000000f",
            "tags": {},
            "tags_all": {},
            "unique_id": "AIPASPAP2IQFTOYY32VNF"
          },
          "sensitive_attributes": []
        }
      ]
    },
    {
      "mode": "managed",
      "type": "aws_iam_instance_profile",
      "name": "eks_d6c37810_0e9b_75fe_953e_2766d928a34f",
      "provider": "provider[\"registry.terraform.io/hashicorp/aws\"]",
      "instances": [
        {
          "schema_version": 0,
          "attributes": {
            "arn": "arn:aws:iam::169684386827:instance-profile/eks-d6c37810-0e9b-75fe-953e-2766d928a34f",
            "create_date": "2023-03-17T15:11:39Z",
            "id": "eks-d6c37810-0e9b-75fe-953e-2766d928a34f",
            "name": "eks-d6c37810-0e9b-75fe-953e-2766d928a34f",
            "name_prefix": "",
            "path": "/",
            "role": "az3-4xlarge-eks-node-group-20220823125548120400000008",
            "tags": {},
            "tags_all": {},
            "unique_id": "AIPASPAP2IQF4BN72RYEU"
          },
          "sensitive_attributes": []
        }
      ]
    },
    {
      "mode": "managed",
      "type": "aws_iam_instance_profile",
      "name": "eks_dac3a380_ba66_ca3e_c5a4_ec7fa26d77ee",
      "provider": "provider[\"registry.terraform.io/hashicorp/aws\"]",
      "instances": [
        {
          "schema_version": 0,
          "attributes": {
            "arn": "arn:aws:iam::169684386827:instance-profile/eks-dac3a380-ba66-ca3e-c5a4-ec7fa26d77ee",
            "create_date": "2023-04-03T12:05:09Z",
            "id": "eks-dac3a380-ba66-ca3e-c5a4-ec7fa26d77ee",
            "name": "eks-dac3a380-ba66-ca3e-c5a4-ec7fa26d77ee",
            "name_prefix": "",
            "path": "/",
            "role": "az3-4xlarge-eks-node-group-2023040311534820340000000d",
            "tags": {},
            "tags_all": {},
            "unique_id": "AIPASPAP2IQFRJ6DKSE4B"
          },
          "sensitive_attributes": []
        }
      ]
    },
    {
      "mode": "managed",
      "type": "aws_iam_instance_profile",
      "name": "eks_dcc389bd_48b6_757a_69f5_6cd70e0d86b3",
      "provider": "provider[\"registry.terraform.io/hashicorp/aws\"]",
      "instances": [
        {
          "schema_version": 0,
          "attributes": {
            "arn": "arn:aws:iam::169684386827:instance-profile/eks-dcc389bd-48b6-757a-69f5-6cd70e0d86b3",
            "create_date": "2023-03-24T11:57:13Z",
            "id": "eks-dcc389bd-48b6-757a-69f5-6cd70e0d86b3",
            "name": "eks-dcc389bd-48b6-757a-69f5-6cd70e0d86b3",
            "name_prefix": "",
            "path": "/",
            "role": "az1-4xlarge-eks-node-group-2023032411460326330000000e",
            "tags": {},
            "tags_all": {},
            "unique_id": "AIPASPAP2IQFRWZXI6RRH"
          },
          "sensitive_attributes": []
        }
      ]
    },
    {
      "mode": "managed",
      "type": "aws_iam_instance_profile",
      "name": "eks_dec37810_0ea0_324c_33e9_da838c099c13",
      "provider": "provider[\"registry.terraform.io/hashicorp/aws\"]",
      "instances": [
        {
          "schema_version": 0,
          "attributes": {
            "arn": "arn:aws:iam::169684386827:instance-profile/eks-dec37810-0ea0-324c-33e9-da838c099c13",
            "create_date": "2023-03-17T15:11:27Z",
            "id": "eks-dec37810-0ea0-324c-33e9-da838c099c13",
            "name": "eks-dec37810-0ea0-324c-33e9-da838c099c13",
            "name_prefix": "",
            "path": "/",
            "role": "az3-arm64-eks-node-group-20230119111552912300000009",
            "tags": {},
            "tags_all": {},
            "unique_id": "AIPASPAP2IQFVBGOB7TO2"
          },
          "sensitive_attributes": []
        }
      ]
    },
    {
      "mode": "managed",
      "type": "aws_iam_instance_profile",
      "name": "eks_e0c3a380_bab0_83eb_8e26_78a47932265a",
      "provider": "provider[\"registry.terraform.io/hashicorp/aws\"]",
      "instances": [
        {
          "schema_version": 0,
          "attributes": {
            "arn": "arn:aws:iam::169684386827:instance-profile/eks-e0c3a380-bab0-83eb-8e26-78a47932265a",
            "create_date": "2023-04-03T12:04:57Z",
            "id": "eks-e0c3a380-bab0-83eb-8e26-78a47932265a",
            "name": "eks-e0c3a380-bab0-83eb-8e26-78a47932265a",
            "name_prefix": "",
            "path": "/",
            "role": "az2-4xlarge-eks-node-group-20230403115348617400000011",
            "tags": {},
            "tags_all": {},
            "unique_id": "AIPASPAP2IQF5JTLRHXUW"
          },
          "sensitive_attributes": []
        }
      ]
    },
    {
      "mode": "managed",
      "type": "aws_iam_instance_profile",
      "name": "eks_e6c37f1e_b4f8_254f_6862_1bd8e5c5d8bd",
      "provider": "provider[\"registry.terraform.io/hashicorp/aws\"]",
      "instances": [
        {
          "schema_version": 0,
          "attributes": {
            "arn": "arn:aws:iam::169684386827:instance-profile/eks-e6c37f1e-b4f8-254f-6862-1bd8e5c5d8bd",
            "create_date": "2023-03-20T08:58:34Z",
            "id": "eks-e6c37f1e-b4f8-254f-6862-1bd8e5c5d8bd",
            "name": "eks-e6c37f1e-b4f8-254f-6862-1bd8e5c5d8bd",
            "name_prefix": "",
            "path": "/",
            "role": "az2-arm64-br-eks-node-group-20230320085759617700000002",
            "tags": {},
            "tags_all": {},
            "unique_id": "AIPASPAP2IQFV6P4NWHM3"
          },
          "sensitive_attributes": []
        }
      ]
    },
    {
      "mode": "managed",
      "type": "aws_iam_instance_profile",
      "name": "eks_ecc37808_9c4a_7b02_188e_7df33610a735",
      "provider": "provider[\"registry.terraform.io/hashicorp/aws\"]",
      "instances": [
        {
          "schema_version": 0,
          "attributes": {
            "arn": "arn:aws:iam::169684386827:instance-profile/eks-ecc37808-9c4a-7b02-188e-7df33610a735",
            "create_date": "2023-03-17T14:55:20Z",
            "id": "eks-ecc37808-9c4a-7b02-188e-7df33610a735",
            "name": "eks-ecc37808-9c4a-7b02-188e-7df33610a735",
            "name_prefix": "",
            "path": "/",
            "role": "az2-4xlarge-eks-node-group-20220823125548127600000009",
            "tags": {},
            "tags_all": {},
            "unique_id": "AIPASPAP2IQFWNZY4L6KX"
          },
          "sensitive_attributes": []
        }
      ]
    },
    {
      "mode": "managed",
      "type": "aws_iam_instance_profile",
      "name": "eks_f4c37f1e_b4e0_be54_cb01_aa4197aeadef",
      "provider": "provider[\"registry.terraform.io/hashicorp/aws\"]",
      "instances": [
        {
          "schema_version": 0,
          "attributes": {
            "arn": "arn:aws:iam::169684386827:instance-profile/eks-f4c37f1e-b4e0-be54-cb01-aa4197aeadef",
            "create_date": "2023-03-20T08:58:09Z",
            "id": "eks-f4c37f1e-b4e0-be54-cb01-aa4197aeadef",
            "name": "eks-f4c37f1e-b4e0-be54-cb01-aa4197aeadef",
            "name_prefix": "",
            "path": "/",
            "role": "az2-arm64-eks-node-group-2023031716524286450000000d",
            "tags": {},
            "tags_all": {},
            "unique_id": "AIPASPAP2IQF3KQGS3D5Q"
          },
          "sensitive_attributes": []
        }
      ]
    },
    {
      "mode": "managed",
      "type": "aws_iam_instance_profile",
      "name": "eks_fac389a0_275d_e8a8_0db7_9aab2a7d43bc",
      "provider": "provider[\"registry.terraform.io/hashicorp/aws\"]",
      "instances": [
        {
          "schema_version": 0,
          "attributes": {
            "arn": "arn:aws:iam::169684386827:instance-profile/eks-fac389a0-275d-e8a8-0db7-9aab2a7d43bc",
            "create_date": "2023-03-24T10:53:20Z",
            "id": "eks-fac389a0-275d-e8a8-0db7-9aab2a7d43bc",
            "name": "eks-fac389a0-275d-e8a8-0db7-9aab2a7d43bc",
            "name_prefix": "",
            "path": "/",
            "role": "az3-4xlarge-eks-node-group-2023032410414490570000000b",
            "tags": {},
            "tags_all": {},
            "unique_id": "AIPASPAP2IQFY62GP3V2T"
          },
          "sensitive_attributes": []
        }
      ]
    },
    {
      "mode": "managed",
      "type": "aws_iam_instance_profile",
      "name": "eks_fcc37808_9c4b_20e0_bbe5_3c2492d2c313",
      "provider": "provider[\"registry.terraform.io/hashicorp/aws\"]",
      "instances": [
        {
          "schema_version": 0,
          "attributes": {
            "arn": "arn:aws:iam::169684386827:instance-profile/eks-fcc37808-9c4b-20e0-bbe5-3c2492d2c313",
            "create_date": "2023-03-17T14:55:24Z",
            "id": "eks-fcc37808-9c4b-20e0-bbe5-3c2492d2c313",
            "name": "eks-fcc37808-9c4b-20e0-bbe5-3c2492d2c313",
            "name_prefix": "",
            "path": "/",
            "role": "az1-arm64-eks-node-group-20230119111552802300000008",
            "tags": {},
            "tags_all": {},
            "unique_id": "AIPASPAP2IQF7TB7H7Q4C"
          },
          "sensitive_attributes": []
        }
      ]
    },
    {
      "mode": "managed",
      "type": "aws_iam_instance_profile",
      "name": "eks_fcc37808_9c4b_d87b_fabf_ea8a620078bd",
      "provider": "provider[\"registry.terraform.io/hashicorp/aws\"]",
      "instances": [
        {
          "schema_version": 0,
          "attributes": {
            "arn": "arn:aws:iam::169684386827:instance-profile/eks-fcc37808-9c4b-d87b-fabf-ea8a620078bd",
            "create_date": "2023-03-17T14:55:38Z",
            "id": "eks-fcc37808-9c4b-d87b-fabf-ea8a620078bd",
            "name": "eks-fcc37808-9c4b-d87b-fabf-ea8a620078bd",
            "name_prefix": "",
            "path": "/",
            "role": "az3-arm64-eks-node-group-20230119111552912300000009",
            "tags": {},
            "tags_all": {},
            "unique_id": "AIPASPAP2IQF3SXVBME6K"
          },
          "sensitive_attributes": []
        }
      ]
    },
    {
      "mode": "managed",
      "type": "aws_iam_instance_profile",
      "name": "test_ch_pr_1377_ch_node_profile",
      "provider": "provider[\"registry.terraform.io/hashicorp/aws\"]",
      "instances": [
        {
          "schema_version": 0,
          "attributes": {
            "arn": "arn:aws:iam::169684386827:instance-profile/test-ch-pr-1377-ch-node-profile",
            "create_date": "2023-04-03T11:54:35Z",
            "id": "test-ch-pr-1377-ch-node-profile",
            "name": "test-ch-pr-1377-ch-node-profile",
            "name_prefix": "",
            "path": "/",
            "role": "test_ch_pr_1377_clickhouse_ec2",
            "tags": {
              "Environment": "dev",
              "ManagedByTerraform": "true"
            },
            "tags_all": {
              "Environment": "dev",
              "ManagedByTerraform": "true"
            },
            "unique_id": "AIPASPAP2IQFQ32KV6HZ4"
          },
          "sensitive_attributes": []
        }
      ]
    },
    {
      "mode": "managed",
      "type": "aws_iam_instance_profile",
      "name": "test_ch_pr_218__node_profile",
      "provider": "provider[\"registry.terraform.io/hashicorp/aws\"]",
      "instances": [
        {
          "schema_version": 0,
          "attributes": {
            "arn": "arn:aws:iam::169684386827:instance-profile/test-ch-pr-218--node-profile",
            "create_date": "2022-05-27T11:59:43Z",
            "id": "test-ch-pr-218--node-profile",
            "name": "test-ch-pr-218--node-profile",
            "name_prefix": "",
            "path": "/",
            "role": "test_ch_pr_218_clickhouse_ec2",
            "tags": {
              "Environment": "dev",
              "ManagedByTerraform": "true"
            },
            "tags_all": {
              "Environment": "dev",
              "ManagedByTerraform": "true"
            },
            "unique_id": "AIPASPAP2IQFQ3Z7IHVC2"
          },
          "sensitive_attributes": []
        }
      ]
    },
    {
      "mode": "managed",
      "type": "aws_iam_instance_profile",
      "name": "test_ch_pr_229__node_profile",
      "provider": "provider[\"registry.terraform.io/hashicorp/aws\"]",
      "instances": [
        {
          "schema_version": 0,
          "attributes": {
            "arn": "arn:aws:iam::169684386827:instance-profile/test-ch-pr-229--node-profile",
            "create_date": "2022-05-31T08:59:56Z",
            "id": "test-ch-pr-229--node-profile",
            "name": "test-ch-pr-229--node-profile",
            "name_prefix": "",
            "path": "/",
            "role": "test_ch_pr_229_clickhouse_ec2",
            "tags": {
              "Environment": "dev",
              "ManagedByTerraform": "true"
            },
            "tags_all": {
              "Environment": "dev",
              "ManagedByTerraform": "true"
            },
            "unique_id": "AIPASPAP2IQFSQHI3SATD"
          },
          "sensitive_attributes": []
        }
      ]
    },
    {
      "mode": "managed",
      "type": "aws_iam_instance_profile",
      "name": "test_ch_pr_230__node_profile",
      "provider": "provider[\"registry.terraform.io/hashicorp/aws\"]",
      "instances": [
        {
          "schema_version": 0,
          "attributes": {
            "arn": "arn:aws:iam::169684386827:instance-profile/test-ch-pr-230--node-profile",
            "create_date": "2022-05-31T09:06:44Z",
            "id": "test-ch-pr-230--node-profile",
            "name": "test-ch-pr-230--node-profile",
            "name_prefix": "",
            "path": "/",
            "role": "test_ch_pr_230_clickhouse_ec2",
            "tags": {
              "Environment": "dev",
              "ManagedByTerraform": "true"
            },
            "tags_all": {
              "Environment": "dev",
              "ManagedByTerraform": "true"
            },
            "unique_id": "AIPASPAP2IQF5EI5E4F3D"
          },
          "sensitive_attributes": []
        }
      ]
    },
    {
      "mode": "managed",
      "type": "aws_iam_instance_profile",
      "name": "test_ch_pr_485__node_profile",
      "provider": "provider[\"registry.terraform.io/hashicorp/aws\"]",
      "instances": [
        {
          "schema_version": 0,
          "attributes": {
            "arn": "arn:aws:iam::169684386827:instance-profile/test-ch-pr-485--node-profile",
            "create_date": "2022-08-24T14:13:09Z",
            "id": "test-ch-pr-485--node-profile",
            "name": "test-ch-pr-485--node-profile",
            "name_prefix": "",
            "path": "/",
            "role": "test_ch_pr_485_clickhouse_ec2",
            "tags": {
              "Environment": "dev",
              "ManagedByTerraform": "true"
            },
            "tags_all": {
              "Environment": "dev",
              "ManagedByTerraform": "true"
            },
            "unique_id": "AIPASPAP2IQFTK6Y4DVRQ"
          },
          "sensitive_attributes": []
        }
      ]
    },
    {
      "mode": "managed",
      "type": "aws_iam_openid_connect_provider",
      "name": "oidc_provider_oidc_eks_us_east_1_amazonaws_com_id_00BDFCAADC409D90A01FA062055CA102",
      "provider": "provider[\"registry.terraform.io/hashicorp/aws\"]",
      "instances": [
        {
          "schema_version": 0,
          "attributes": {
            "arn": "arn:aws:iam::169684386827:oidc-provider/oidc.eks.us-east-1.amazonaws.com/id/00BDFCAADC409D90A01FA062055CA102",
            "client_id_list": [
              "sts.amazonaws.com"
            ],
            "id": "arn:aws:iam::169684386827:oidc-provider/oidc.eks.us-east-1.amazonaws.com/id/00BDFCAADC409D90A01FA062055CA102",
            "tags": {
              "Environment": "dev",
              "ManagedByTerraform": "true",
              "Name": "test-eks-pr-123-posthog-dev-eks-irsa"
            },
            "tags_all": {
              "Environment": "dev",
              "ManagedByTerraform": "true",
              "Name": "test-eks-pr-123-posthog-dev-eks-irsa"
            },
            "thumbprint_list": [
              "9e99a48a9960b14926bb7f3b02e22da2b0ab7280"
            ],
            "url": "oidc.eks.us-east-1.amazonaws.com/id/00BDFCAADC409D90A01FA062055CA102"
          },
          "sensitive_attributes": []
        }
      ]
    },
    {
      "mode": "managed",
      "type": "aws_iam_openid_connect_provider",
      "name": "oidc_provider_oidc_eks_us_east_1_amazonaws_com_id_2F099E7638097C2D1EB9060400DA36B1",
      "provider": "provider[\"registry.terraform.io/hashicorp/aws\"]",
      "instances": [
        {
          "schema_version": 0,
          "attributes": {
            "arn": "arn:aws:iam::169684386827:oidc-provider/oidc.eks.us-east-1.amazonaws.com/id/2F099E7638097C2D1EB9060400DA36B1",
            "client_id_list": [
              "sts.amazonaws.com"
            ],
            "id": "arn:aws:iam::169684386827:oidc-provider/oidc.eks.us-east-1.amazonaws.com/id/2F099E7638097C2D1EB9060400DA36B1",
            "tags": {
              "Environment": "dev",
              "ManagedByTerraform": "true",
              "Name": "test-eks-pr-750-posthog-dev-eks-irsa"
            },
            "tags_all": {
              "Environment": "dev",
              "ManagedByTerraform": "true",
              "Name": "test-eks-pr-750-posthog-dev-eks-irsa"
            },
            "thumbprint_list": [
              "9e99a48a9960b14926bb7f3b02e22da2b0ab7280"
            ],
            "url": "oidc.eks.us-east-1.amazonaws.com/id/2F099E7638097C2D1EB9060400DA36B1"
          },
          "sensitive_attributes": []
        }
      ]
    },
    {
      "mode": "managed",
      "type": "aws_iam_openid_connect_provider",
      "name": "oidc_provider_oidc_eks_us_east_1_amazonaws_com_id_331016B575DE5D9ADFC3D19C90DD54B1",
      "provider": "provider[\"registry.terraform.io/hashicorp/aws\"]",
      "instances": [
        {
          "schema_version": 0,
          "attributes": {
            "arn": "arn:aws:iam::169684386827:oidc-provider/oidc.eks.us-east-1.amazonaws.com/id/331016B575DE5D9ADFC3D19C90DD54B1",
            "client_id_list": [
              "sts.amazonaws.com"
            ],
            "id": "arn:aws:iam::169684386827:oidc-provider/oidc.eks.us-east-1.amazonaws.com/id/331016B575DE5D9ADFC3D19C90DD54B1",
            "tags": {
              "Environment": "dev",
              "ManagedByTerraform": "true",
              "Name": "test-eks-pr-279-posthog-dev-eks-irsa"
            },
            "tags_all": {
              "Environment": "dev",
              "ManagedByTerraform": "true",
              "Name": "test-eks-pr-279-posthog-dev-eks-irsa"
            },
            "thumbprint_list": [
              "9e99a48a9960b14926bb7f3b02e22da2b0ab7280"
            ],
            "url": "oidc.eks.us-east-1.amazonaws.com/id/331016B575DE5D9ADFC3D19C90DD54B1"
          },
          "sensitive_attributes": []
        }
      ]
    },
    {
      "mode": "managed",
      "type": "aws_iam_openid_connect_provider",
      "name": "oidc_provider_oidc_eks_us_east_1_amazonaws_com_id_35F65FD794250919329F08A46F9E1175",
      "provider": "provider[\"registry.terraform.io/hashicorp/aws\"]",
      "instances": [
        {
          "schema_version": 0,
          "attributes": {
            "arn": "arn:aws:iam::169684386827:oidc-provider/oidc.eks.us-east-1.amazonaws.com/id/35F65FD794250919329F08A46F9E1175",
            "client_id_list": [
              "sts.amazonaws.com"
            ],
            "id": "arn:aws:iam::169684386827:oidc-provider/oidc.eks.us-east-1.amazonaws.com/id/35F65FD794250919329F08A46F9E1175",
            "tags": {
              "Environment": "dev",
              "ManagedByTerraform": "true",
              "Name": "test-eks-pr-245-posthog-dev-eks-irsa"
            },
            "tags_all": {
              "Environment": "dev",
              "ManagedByTerraform": "true",
              "Name": "test-eks-pr-245-posthog-dev-eks-irsa"
            },
            "thumbprint_list": [
              "9e99a48a9960b14926bb7f3b02e22da2b0ab7280"
            ],
            "url": "oidc.eks.us-east-1.amazonaws.com/id/35F65FD794250919329F08A46F9E1175"
          },
          "sensitive_attributes": []
        }
      ]
    },
    {
      "mode": "managed",
      "type": "aws_iam_openid_connect_provider",
      "name": "oidc_provider_oidc_eks_us_east_1_amazonaws_com_id_6CBABF5A98C424540B0F4936FE2976FB",
      "provider": "provider[\"registry.terraform.io/hashicorp/aws\"]",
      "instances": [
        {
          "schema_version": 0,
          "attributes": {
            "arn": "arn:aws:iam::169684386827:oidc-provider/oidc.eks.us-east-1.amazonaws.com/id/6CBABF5A98C424540B0F4936FE2976FB",
            "client_id_list": [
              "sts.amazonaws.com"
            ],
            "id": "arn:aws:iam::169684386827:oidc-provider/oidc.eks.us-east-1.amazonaws.com/id/6CBABF5A98C424540B0F4936FE2976FB",
            "tags": {
              "Environment": "dev",
              "ManagedByTerraform": "true",
              "Name": "posthog-dev-eks-irsa",
              "Region": "us-east-1"
            },
            "tags_all": {
              "Environment": "dev",
              "ManagedByTerraform": "true",
              "Name": "posthog-dev-eks-irsa",
              "Region": "us-east-1"
            },
            "thumbprint_list": [
              "9e99a48a9960b14926bb7f3b02e22da2b0ab7280"
            ],
            "url": "oidc.eks.us-east-1.amazonaws.com/id/6CBABF5A98C424540B0F4936FE2976FB"
          },
          "sensitive_attributes": []
        }
      ]
    },
    {
      "mode": "managed",
      "type": "aws_iam_openid_connect_provider",
      "name": "oidc_provider_oidc_eks_us_east_1_amazonaws_com_id_7402A303BBBB77B20862CCF35A516DD8",
      "provider": "provider[\"registry.terraform.io/hashicorp/aws\"]",
      "instances": [
        {
          "schema_version": 0,
          "attributes": {
            "arn": "arn:aws:iam::169684386827:oidc-provider/oidc.eks.us-east-1.amazonaws.com/id/7402A303BBBB77B20862CCF35A516DD8",
            "client_id_list": [
              "sts.amazonaws.com"
            ],
            "id": "arn:aws:iam::169684386827:oidc-provider/oidc.eks.us-east-1.amazonaws.com/id/7402A303BBBB77B20862CCF35A516DD8",
            "tags": {
              "Environment": "dev",
              "ManagedByTerraform": "true",
              "Name": "test-eks-pr-777-posthog-dev-eks-irsa"
            },
            "tags_all": {
              "Environment": "dev",
              "ManagedByTerraform": "true",
              "Name": "test-eks-pr-777-posthog-dev-eks-irsa"
            },
            "thumbprint_list": [
              "9e99a48a9960b14926bb7f3b02e22da2b0ab7280"
            ],
            "url": "oidc.eks.us-east-1.amazonaws.com/id/7402A303BBBB77B20862CCF35A516DD8"
          },
          "sensitive_attributes": []
        }
      ]
    },
    {
      "mode": "managed",
      "type": "aws_iam_openid_connect_provider",
      "name": "oidc_provider_oidc_eks_us_east_1_amazonaws_com_id_7A4C903B3A7D6AAEB3ED9EC430637E6A",
      "provider": "provider[\"registry.terraform.io/hashicorp/aws\"]",
      "instances": [
        {
          "schema_version": 0,
          "attributes": {
            "arn": "arn:aws:iam::169684386827:oidc-provider/oidc.eks.us-east-1.amazonaws.com/id/7A4C903B3A7D6AAEB3ED9EC430637E6A",
            "client_id_list": [
              "sts.amazonaws.com"
            ],
            "id": "arn:aws:iam::169684386827:oidc-provider/oidc.eks.us-east-1.amazonaws.com/id/7A4C903B3A7D6AAEB3ED9EC430637E6A",
            "tags": {
              "Environment": "dev",
              "ManagedByTerraform": "true",
              "Name": "test-eks-pr-1377-posthog-dev-eks-irsa"
            },
            "tags_all": {
              "Environment": "dev",
              "ManagedByTerraform": "true",
              "Name": "test-eks-pr-1377-posthog-dev-eks-irsa"
            },
            "thumbprint_list": [
              "9e99a48a9960b14926bb7f3b02e22da2b0ab7280"
            ],
            "url": "oidc.eks.us-east-1.amazonaws.com/id/7A4C903B3A7D6AAEB3ED9EC430637E6A"
          },
          "sensitive_attributes": []
        }
      ]
    },
    {
      "mode": "managed",
      "type": "aws_iam_openid_connect_provider",
      "name": "oidc_provider_oidc_eks_us_east_1_amazonaws_com_id_7CA6B5E783111BB20A7F250A61D53AFE",
      "provider": "provider[\"registry.terraform.io/hashicorp/aws\"]",
      "instances": [
        {
          "schema_version": 0,
          "attributes": {
            "arn": "arn:aws:iam::169684386827:oidc-provider/oidc.eks.us-east-1.amazonaws.com/id/7CA6B5E783111BB20A7F250A61D53AFE",
            "client_id_list": [
              "sts.amazonaws.com"
            ],
            "id": "arn:aws:iam::169684386827:oidc-provider/oidc.eks.us-east-1.amazonaws.com/id/7CA6B5E783111BB20A7F250A61D53AFE",
            "tags": {
              "Environment": "dev",
              "ManagedByTerraform": "true",
              "Name": "test-eks-pr-1376-posthog-dev-eks-irsa"
            },
            "tags_all": {
              "Environment": "dev",
              "ManagedByTerraform": "true",
              "Name": "test-eks-pr-1376-posthog-dev-eks-irsa"
            },
            "thumbprint_list": [
              "9e99a48a9960b14926bb7f3b02e22da2b0ab7280"
            ],
            "url": "oidc.eks.us-east-1.amazonaws.com/id/7CA6B5E783111BB20A7F250A61D53AFE"
          },
          "sensitive_attributes": []
        }
      ]
    },
    {
      "mode": "managed",
      "type": "aws_iam_openid_connect_provider",
      "name": "oidc_provider_oidc_eks_us_east_1_amazonaws_com_id_7CF400FB19749D88A8408CF610027FE9",
      "provider": "provider[\"registry.terraform.io/hashicorp/aws\"]",
      "instances": [
        {
          "schema_version": 0,
          "attributes": {
            "arn": "arn:aws:iam::169684386827:oidc-provider/oidc.eks.us-east-1.amazonaws.com/id/7CF400FB19749D88A8408CF610027FE9",
            "client_id_list": [
              "sts.amazonaws.com"
            ],
            "id": "arn:aws:iam::169684386827:oidc-provider/oidc.eks.us-east-1.amazonaws.com/id/7CF400FB19749D88A8408CF610027FE9",
            "tags": {
              "Environment": "dev",
              "ManagedByTerraform": "true",
              "Name": "test-eks-pr-1337-posthog-dev-eks-irsa"
            },
            "tags_all": {
              "Environment": "dev",
              "ManagedByTerraform": "true",
              "Name": "test-eks-pr-1337-posthog-dev-eks-irsa"
            },
            "thumbprint_list": [
              "9e99a48a9960b14926bb7f3b02e22da2b0ab7280"
            ],
            "url": "oidc.eks.us-east-1.amazonaws.com/id/7CF400FB19749D88A8408CF610027FE9"
          },
          "sensitive_attributes": []
        }
      ]
    },
    {
      "mode": "managed",
      "type": "aws_iam_openid_connect_provider",
      "name": "oidc_provider_oidc_eks_us_east_1_amazonaws_com_id_8BD6E1D2FEBDE47C8177E29CAC9E6C61",
      "provider": "provider[\"registry.terraform.io/hashicorp/aws\"]",
      "instances": [
        {
          "schema_version": 0,
          "attributes": {
            "arn": "arn:aws:iam::169684386827:oidc-provider/oidc.eks.us-east-1.amazonaws.com/id/8BD6E1D2FEBDE47C8177E29CAC9E6C61",
            "client_id_list": [
              "sts.amazonaws.com"
            ],
            "id": "arn:aws:iam::169684386827:oidc-provider/oidc.eks.us-east-1.amazonaws.com/id/8BD6E1D2FEBDE47C8177E29CAC9E6C61",
            "tags": {
              "Environment": "dev",
              "ManagedByTerraform": "true",
              "Name": "posthog-dev-eks-irsa",
              "Region": "us-east-1"
            },
            "tags_all": {
              "Environment": "dev",
              "ManagedByTerraform": "true",
              "Name": "posthog-dev-eks-irsa",
              "Region": "us-east-1"
            },
            "thumbprint_list": [
              "9e99a48a9960b14926bb7f3b02e22da2b0ab7280"
            ],
            "url": "oidc.eks.us-east-1.amazonaws.com/id/8BD6E1D2FEBDE47C8177E29CAC9E6C61"
          },
          "sensitive_attributes": []
        }
      ]
    },
    {
      "mode": "managed",
      "type": "aws_iam_openid_connect_provider",
      "name": "oidc_provider_oidc_eks_us_east_1_amazonaws_com_id_977BC6DA2360F1DBAC05750DCEB6EC85",
      "provider": "provider[\"registry.terraform.io/hashicorp/aws\"]",
      "instances": [
        {
          "schema_version": 0,
          "attributes": {
            "arn": "arn:aws:iam::169684386827:oidc-provider/oidc.eks.us-east-1.amazonaws.com/id/977BC6DA2360F1DBAC05750DCEB6EC85",
            "client_id_list": [
              "sts.amazonaws.com"
            ],
            "id": "arn:aws:iam::169684386827:oidc-provider/oidc.eks.us-east-1.amazonaws.com/id/977BC6DA2360F1DBAC05750DCEB6EC85",
            "tags": {
              "Environment": "dev",
              "ManagedByTerraform": "true",
              "Name": "test-eks-pr-993-posthog-dev-eks-irsa"
            },
            "tags_all": {
              "Environment": "dev",
              "ManagedByTerraform": "true",
              "Name": "test-eks-pr-993-posthog-dev-eks-irsa"
            },
            "thumbprint_list": [
              "9e99a48a9960b14926bb7f3b02e22da2b0ab7280"
            ],
            "url": "oidc.eks.us-east-1.amazonaws.com/id/977BC6DA2360F1DBAC05750DCEB6EC85"
          },
          "sensitive_attributes": []
        }
      ]
    },
    {
      "mode": "managed",
      "type": "aws_iam_openid_connect_provider",
      "name": "oidc_provider_oidc_eks_us_east_1_amazonaws_com_id_9A0FCA0B36465104F4F03F2F2B6C91BF",
      "provider": "provider[\"registry.terraform.io/hashicorp/aws\"]",
      "instances": [
        {
          "schema_version": 0,
          "attributes": {
            "arn": "arn:aws:iam::169684386827:oidc-provider/oidc.eks.us-east-1.amazonaws.com/id/9A0FCA0B36465104F4F03F2F2B6C91BF",
            "client_id_list": [
              "sts.amazonaws.com"
            ],
            "id": "arn:aws:iam::169684386827:oidc-provider/oidc.eks.us-east-1.amazonaws.com/id/9A0FCA0B36465104F4F03F2F2B6C91BF",
            "tags": {
              "Environment": "dev",
              "ManagedByTerraform": "true",
              "Name": "test-eks-pr-122-posthog-dev-eks-irsa"
            },
            "tags_all": {
              "Environment": "dev",
              "ManagedByTerraform": "true",
              "Name": "test-eks-pr-122-posthog-dev-eks-irsa"
            },
            "thumbprint_list": [
              "9e99a48a9960b14926bb7f3b02e22da2b0ab7280"
            ],
            "url": "oidc.eks.us-east-1.amazonaws.com/id/9A0FCA0B36465104F4F03F2F2B6C91BF"
          },
          "sensitive_attributes": []
        }
      ]
    },
    {
      "mode": "managed",
      "type": "aws_iam_openid_connect_provider",
      "name": "oidc_provider_oidc_eks_us_east_1_amazonaws_com_id_B42FF7017C7DB2440175EAEA95E00DCF",
      "provider": "provider[\"registry.terraform.io/hashicorp/aws\"]",
      "instances": [
        {
          "schema_version": 0,
          "attributes": {
            "arn": "arn:aws:iam::169684386827:oidc-provider/oidc.eks.us-east-1.amazonaws.com/id/B42FF7017C7DB2440175EAEA95E00DCF",
            "client_id_list": [
              "sts.amazonaws.com"
            ],
            "id": "arn:aws:iam::169684386827:oidc-provider/oidc.eks.us-east-1.amazonaws.com/id/B42FF7017C7DB2440175EAEA95E00DCF",
            "tags": {
              "Environment": "dev",
              "ManagedByTerraform": "true",
              "Name": "test-eks-pr-687-posthog-dev-eks-irsa"
            },
            "tags_all": {
              "Environment": "dev",
              "ManagedByTerraform": "true",
              "Name": "test-eks-pr-687-posthog-dev-eks-irsa"
            },
            "thumbprint_list": [
              "9e99a48a9960b14926bb7f3b02e22da2b0ab7280"
            ],
            "url": "oidc.eks.us-east-1.amazonaws.com/id/B42FF7017C7DB2440175EAEA95E00DCF"
          },
          "sensitive_attributes": []
        }
      ]
    },
    {
      "mode": "managed",
      "type": "aws_iam_openid_connect_provider",
      "name": "oidc_provider_oidc_eks_us_east_1_amazonaws_com_id_C9F5CCF1FC68C8726485F82F7C83618B",
      "provider": "provider[\"registry.terraform.io/hashicorp/aws\"]",
      "instances": [
        {
          "schema_version": 0,
          "attributes": {
            "arn": "arn:aws:iam::169684386827:oidc-provider/oidc.eks.us-east-1.amazonaws.com/id/C9F5CCF1FC68C8726485F82F7C83618B",
            "client_id_list": [
              "sts.amazonaws.com"
            ],
            "id": "arn:aws:iam::169684386827:oidc-provider/oidc.eks.us-east-1.amazonaws.com/id/C9F5CCF1FC68C8726485F82F7C83618B",
            "tags": {
              "Environment": "dev",
              "ManagedByTerraform": "true",
              "Name": "test-eks-pr-193-posthog-dev-eks-irsa"
            },
            "tags_all": {
              "Environment": "dev",
              "ManagedByTerraform": "true",
              "Name": "test-eks-pr-193-posthog-dev-eks-irsa"
            },
            "thumbprint_list": [
              "9e99a48a9960b14926bb7f3b02e22da2b0ab7280"
            ],
            "url": "oidc.eks.us-east-1.amazonaws.com/id/C9F5CCF1FC68C8726485F82F7C83618B"
          },
          "sensitive_attributes": []
        }
      ]
    },
    {
      "mode": "managed",
      "type": "aws_iam_openid_connect_provider",
      "name": "oidc_provider_oidc_eks_us_east_1_amazonaws_com_id_EE6D2FD1BDCDB994C4197E0912552CAC",
      "provider": "provider[\"registry.terraform.io/hashicorp/aws\"]",
      "instances": [
        {
          "schema_version": 0,
          "attributes": {
            "arn": "arn:aws:iam::169684386827:oidc-provider/oidc.eks.us-east-1.amazonaws.com/id/EE6D2FD1BDCDB994C4197E0912552CAC",
            "client_id_list": [
              "sts.amazonaws.com"
            ],
            "id": "arn:aws:iam::169684386827:oidc-provider/oidc.eks.us-east-1.amazonaws.com/id/EE6D2FD1BDCDB994C4197E0912552CAC",
            "tags": {
              "Environment": "dev",
              "ManagedByTerraform": "true",
              "Name": "test-eks-pr-1379-posthog-dev-eks-irsa"
            },
            "tags_all": {
              "Environment": "dev",
              "ManagedByTerraform": "true",
              "Name": "test-eks-pr-1379-posthog-dev-eks-irsa"
            },
            "thumbprint_list": [
              "9e99a48a9960b14926bb7f3b02e22da2b0ab7280"
            ],
            "url": "oidc.eks.us-east-1.amazonaws.com/id/EE6D2FD1BDCDB994C4197E0912552CAC"
          },
          "sensitive_attributes": []
        }
      ]
    },
    {
      "mode": "managed",
      "type": "aws_iam_openid_connect_provider",
      "name": "oidc_provider_oidc_eks_us_east_1_amazonaws_com_id_EF7CCD654E4E696EFFE46F86F2C9CE34",
      "provider": "provider[\"registry.terraform.io/hashicorp/aws\"]",
      "instances": [
        {
          "schema_version": 0,
          "attributes": {
            "arn": "arn:aws:iam::169684386827:oidc-provider/oidc.eks.us-east-1.amazonaws.com/id/EF7CCD654E4E696EFFE46F86F2C9CE34",
            "client_id_list": [
              "sts.amazonaws.com"
            ],
            "id": "arn:aws:iam::169684386827:oidc-provider/oidc.eks.us-east-1.amazonaws.com/id/EF7CCD654E4E696EFFE46F86F2C9CE34",
            "tags": {
              "Environment": "dev",
              "ManagedByTerraform": "true",
              "Name": "test-eks-pr-458-posthog-dev-eks-irsa"
            },
            "tags_all": {
              "Environment": "dev",
              "ManagedByTerraform": "true",
              "Name": "test-eks-pr-458-posthog-dev-eks-irsa"
            },
            "thumbprint_list": [
              "9e99a48a9960b14926bb7f3b02e22da2b0ab7280"
            ],
            "url": "oidc.eks.us-east-1.amazonaws.com/id/EF7CCD654E4E696EFFE46F86F2C9CE34"
          },
          "sensitive_attributes": []
        }
      ]
    },
    {
      "mode": "managed",
      "type": "aws_iam_openid_connect_provider",
      "name": "oidc_provider_oidc_eks_us_east_1_amazonaws_com_id_FC2CFEE911E543667E4C4BC09DECC7E9",
      "provider": "provider[\"registry.terraform.io/hashicorp/aws\"]",
      "instances": [
        {
          "schema_version": 0,
          "attributes": {
            "arn": "arn:aws:iam::169684386827:oidc-provider/oidc.eks.us-east-1.amazonaws.com/id/FC2CFEE911E543667E4C4BC09DECC7E9",
            "client_id_list": [
              "sts.amazonaws.com"
            ],
            "id": "arn:aws:iam::169684386827:oidc-provider/oidc.eks.us-east-1.amazonaws.com/id/FC2CFEE911E543667E4C4BC09DECC7E9",
            "tags": {
              "Environment": "dev",
              "ManagedByTerraform": "true",
              "Name": "test-eks-pr-788-posthog-dev-eks-irsa"
            },
            "tags_all": {
              "Environment": "dev",
              "ManagedByTerraform": "true",
              "Name": "test-eks-pr-788-posthog-dev-eks-irsa"
            },
            "thumbprint_list": [
              "9e99a48a9960b14926bb7f3b02e22da2b0ab7280"
            ],
            "url": "oidc.eks.us-east-1.amazonaws.com/id/FC2CFEE911E543667E4C4BC09DECC7E9"
          },
          "sensitive_attributes": []
        }
      ]
    },
    {
      "mode": "managed",
      "type": "aws_iam_openid_connect_provider",
      "name": "oidc_provider_oidc_eks_us_east_1_amazonaws_com_id_FEACAC79C145306BE07F08629EFC275D",
      "provider": "provider[\"registry.terraform.io/hashicorp/aws\"]",
      "instances": [
        {
          "schema_version": 0,
          "attributes": {
            "arn": "arn:aws:iam::169684386827:oidc-provider/oidc.eks.us-east-1.amazonaws.com/id/FEACAC79C145306BE07F08629EFC275D",
            "client_id_list": [
              "sts.amazonaws.com"
            ],
            "id": "arn:aws:iam::169684386827:oidc-provider/oidc.eks.us-east-1.amazonaws.com/id/FEACAC79C145306BE07F08629EFC275D",
            "tags": {
              "Environment": "dev",
              "ManagedByTerraform": "true",
              "Name": "test-eks-pr-121-posthog-dev-eks-irsa"
            },
            "tags_all": {
              "Environment": "dev",
              "ManagedByTerraform": "true",
              "Name": "test-eks-pr-121-posthog-dev-eks-irsa"
            },
            "thumbprint_list": [
              "9e99a48a9960b14926bb7f3b02e22da2b0ab7280"
            ],
            "url": "oidc.eks.us-east-1.amazonaws.com/id/FEACAC79C145306BE07F08629EFC275D"
          },
          "sensitive_attributes": []
        }
      ]
    },
    {
      "mode": "managed",
      "type": "aws_iam_openid_connect_provider",
      "name": "oidc_provider_token_actions_githubusercontent_com",
      "provider": "provider[\"registry.terraform.io/hashicorp/aws\"]",
      "instances": [
        {
          "schema_version": 0,
          "attributes": {
            "arn": "arn:aws:iam::169684386827:oidc-provider/token.actions.githubusercontent.com",
            "client_id_list": [
              "sts.amazonaws.com"
            ],
            "id": "arn:aws:iam::169684386827:oidc-provider/token.actions.githubusercontent.com",
            "tags": {
              "Environment": "dev",
              "ManagedByTerraform": "true",
              "Region": "us-east-1"
            },
            "tags_all": {
              "Environment": "dev",
              "ManagedByTerraform": "true",
              "Region": "us-east-1"
            },
            "thumbprint_list": [
              "6938fd4d98bab03faadb97b34396831e3780aea1"
            ],
            "url": "token.actions.githubusercontent.com"
          },
          "sensitive_attributes": []
        }
      ]
    },
    {
      "mode": "managed",
      "type": "aws_iam_policy",
      "name": "AWSLambdaBasicExecutionRole_1331fe92_9d01_4713_a7d8_bdcf48878ddc",
      "provider": "provider[\"registry.terraform.io/hashicorp/aws\"]",
      "instances": [
        {
          "schema_version": 0,
          "attributes": {
            "arn": "arn:aws:iam::169684386827:policy/service-role/AWSLambdaBasicExecutionRole-1331fe92-9d01-4713-a7d8-bdcf48878ddc",
            "description": "",
            "id": "arn:aws:iam::169684386827:policy/service-role/AWSLambdaBasicExecutionRole-1331fe92-9d01-4713-a7d8-bdcf48878ddc",
            "name": "AWSLambdaBasicExecutionRole-1331fe92-9d01-4713-a7d8-bdcf48878ddc",
            "name_prefix": "",
            "path": "/service-role/",
            "policy": "{\"Statement\":[{\"Action\":\"logs:CreateLogGroup\",\"Effect\":\"Allow\",\"Resource\":\"arn:aws:logs:us-east-1:169684386827:*\"},{\"Action\":[\"logs:CreateLogStream\",\"logs:PutLogEvents\"],\"Effect\":\"Allow\",\"Resource\":[\"arn:aws:logs:us-east-1:169684386827:log-group:/aws/lambda/secrettest:*\"]}],\"Version\":\"2012-10-17\"}",
            "policy_id": "ANPASPAP2IQFWCWYOKX3X",
            "tags": {},
            "tags_all": {}
          },
          "sensitive_attributes": []
        }
      ]
    },
    {
      "mode": "managed",
      "type": "aws_iam_policy",
      "name": "AWSLambdaVPCAccessExecutionRole_d6b7ff65_2a11_439b_a5b9_a9e156598ab9",
      "provider": "provider[\"registry.terraform.io/hashicorp/aws\"]",
      "instances": [
        {
          "schema_version": 0,
          "attributes": {
            "arn": "arn:aws:iam::169684386827:policy/service-role/AWSLambdaVPCAccessExecutionRole-d6b7ff65-2a11-439b-a5b9-a9e156598ab9",
            "description": "",
            "id": "arn:aws:iam::169684386827:policy/service-role/AWSLambdaVPCAccessExecutionRole-d6b7ff65-2a11-439b-a5b9-a9e156598ab9",
            "name": "AWSLambdaVPCAccessExecutionRole-d6b7ff65-2a11-439b-a5b9-a9e156598ab9",
            "name_prefix": "",
            "path": "/service-role/",
            "policy": "{\"Statement\":[{\"Action\":[\"ec2:CreateNetworkInterface\",\"ec2:DeleteNetworkInterface\",\"ec2:DescribeNetworkInterfaces\"],\"Effect\":\"Allow\",\"Resource\":\"*\"}],\"Version\":\"2012-10-17\"}",
            "policy_id": "ANPASPAP2IQF6UD564E32",
            "tags": {},
            "tags_all": {}
          },
          "sensitive_attributes": []
        }
      ]
    },
    {
      "mode": "managed",
      "type": "aws_iam_policy",
      "name": "AWSLoadBalancerControllerGlobalIAMPolicy",
      "provider": "provider[\"registry.terraform.io/hashicorp/aws\"]",
      "instances": [
        {
          "schema_version": 0,
          "attributes": {
            "arn": "arn:aws:iam::169684386827:policy/service/AWSLoadBalancerControllerGlobalIAMPolicy",
            "description": "Policy to allow aws-load-balancer-controller to list target groups and their health",
            "id": "arn:aws:iam::169684386827:policy/service/AWSLoadBalancerControllerGlobalIAMPolicy",
            "name": "AWSLoadBalancerControllerGlobalIAMPolicy",
            "name_prefix": "",
            "path": "/service/",
            "policy": "{\"Statement\":[{\"Action\":[\"elasticloadbalancing:DescribeTargetGroups\",\"elasticloadbalancing:DescribeTargetHealth\"],\"Effect\":\"Allow\",\"Resource\":\"*\"}],\"Version\":\"2012-10-17\"}",
            "policy_id": "ANPASPAP2IQFZO3PIKMHL",
            "tags": {
              "Environment": "dev",
              "ManagedByTerraform": "true",
              "Region": "us-east-1"
            },
            "tags_all": {
              "Environment": "dev",
              "ManagedByTerraform": "true",
              "Region": "us-east-1"
            }
          },
          "sensitive_attributes": []
        }
      ]
    },
    {
      "mode": "managed",
      "type": "aws_iam_policy",
      "name": "KMS_Key_For_Encryption_On_EBS_Policy",
      "provider": "provider[\"registry.terraform.io/hashicorp/aws\"]",
      "instances": [
        {
          "schema_version": 0,
          "attributes": {
            "arn": "arn:aws:iam::169684386827:policy/KMS_Key_For_Encryption_On_EBS_Policy",
            "description": "",
            "id": "arn:aws:iam::169684386827:policy/KMS_Key_For_Encryption_On_EBS_Policy",
            "name": "KMS_Key_For_Encryption_On_EBS_Policy",
            "name_prefix": "",
            "path": "/",
            "policy": "{\"Statement\":[{\"Action\":[\"kms:CreateGrant\",\"kms:ListGrants\",\"kms:RevokeGrant\"],\"Condition\":{\"Bool\":{\"kms:GrantIsForAWSResource\":\"true\"}},\"Effect\":\"Allow\",\"Resource\":[\"arn:aws:kms:us-east-1:169684386827:key/beabc569-37bb-4521-aa09-adff2de48b20\"]},{\"Action\":[\"kms:Encrypt\",\"kms:Decrypt\",\"kms:ReEncrypt*\",\"kms:GenerateDataKey*\",\"kms:DescribeKey\"],\"Effect\":\"Allow\",\"Resource\":[\"arn:aws:kms:us-east-1:169684386827:key/beabc569-37bb-4521-aa09-adff2de48b20\"]}],\"Version\":\"2012-10-17\"}",
            "policy_id": "ANPASPAP2IQFQZWBL5LFU",
            "tags": {},
            "tags_all": {}
          },
          "sensitive_attributes": []
        }
      ]
    },
    {
      "mode": "managed",
      "type": "aws_iam_policy",
      "name": "ch_get_tls_secrets",
      "provider": "provider[\"registry.terraform.io/hashicorp/aws\"]",
      "instances": [
        {
          "schema_version": 0,
          "attributes": {
            "arn": "arn:aws:iam::169684386827:policy/ch_get_tls_secrets",
            "description": "Allow to fetch the public/private keypair certificate from AWS Secrets Manager",
            "id": "arn:aws:iam::169684386827:policy/ch_get_tls_secrets",
            "name": "ch_get_tls_secrets",
            "name_prefix": "",
            "path": "/",
            "policy": "{\"Statement\":[{\"Action\":\"secretsmanager:GetSecretValue\",\"Effect\":\"Allow\",\"Resource\":[\"arn:aws:secretsmanager:us-east-1:169684386827:secret:ca.crt-jrkHfy\",\"arn:aws:secretsmanager:us-east-1:169684386827:secret:.internal.ec2.us-east-1.dev.posthog.dev_public_key-K9L9pb\",\"arn:aws:secretsmanager:us-east-1:169684386827:secret:.internal.ec2.us-east-1.dev.posthog.dev_private_key-6W4ARi\"],\"Sid\":\"\"}],\"Version\":\"2012-10-17\"}",
            "policy_id": "ANPASPAP2IQFYWMH4VI7Z",
            "tags": {
              "Environment": "dev",
              "ManagedByTerraform": "true",
              "Region": "us-east-1"
            },
            "tags_all": {
              "Environment": "dev",
              "ManagedByTerraform": "true",
              "Region": "us-east-1"
            }
          },
          "sensitive_attributes": []
        }
      ]
    },
    {
      "mode": "managed",
      "type": "aws_iam_policy",
      "name": "cognito_auth_ssm_policy",
      "provider": "provider[\"registry.terraform.io/hashicorp/aws\"]",
      "instances": [
        {
          "schema_version": 0,
          "attributes": {
            "arn": "arn:aws:iam::169684386827:policy/cognito_auth-ssm-policy",
            "description": "Gives the lambda cognito_auth access to params from SSM",
            "id": "arn:aws:iam::169684386827:policy/cognito_auth-ssm-policy",
            "name": "cognito_auth-ssm-policy",
            "name_prefix": "",
            "path": "/",
            "policy": "{\"Statement\":[{\"Action\":[\"ssm:GetParameter\",\"secretsmanager:GetSecretValue\"],\"Effect\":\"Allow\",\"Resource\":\"arn:aws:ssm:us-east-1:169684386827:parameter/cognito-client-secret\",\"Sid\":\"AccessParams\"}],\"Version\":\"2012-10-17\"}",
            "policy_id": "ANPASPAP2IQFU46ZMTCUB",
            "tags": {
              "Environment": "dev",
              "ManagedByTerraform": "true",
              "Region": "us-east-1"
            },
            "tags_all": {
              "Environment": "dev",
              "ManagedByTerraform": "true",
              "Region": "us-east-1"
            }
          },
          "sensitive_attributes": []
        }
      ]
    },
    {
      "mode": "managed",
      "type": "aws_iam_policy",
      "name": "get_internal_ec2_keypair_from_secretsmanager",
      "provider": "provider[\"registry.terraform.io/hashicorp/aws\"]",
      "instances": [
        {
          "schema_version": 0,
          "attributes": {
            "arn": "arn:aws:iam::169684386827:policy/get_internal_ec2_keypair_from_secretsmanager",
            "description": "Allow to fetch the public/private keypair of the '*.internal.ec2.us-east-1.dev.posthog.dev' certificate from AWS Secrets Manager",
            "id": "arn:aws:iam::169684386827:policy/get_internal_ec2_keypair_from_secretsmanager",
            "name": "get_internal_ec2_keypair_from_secretsmanager",
            "name_prefix": "",
            "path": "/",
            "policy": "{\"Statement\":[{\"Action\":\"secretsmanager:GetSecretValue\",\"Effect\":\"Allow\",\"Resource\":[\"arn:aws:secretsmanager:us-east-1:169684386827:secret:.internal.ec2.us-east-1.dev.posthog.dev_public_key-K9L9pb\",\"arn:aws:secretsmanager:us-east-1:169684386827:secret:.internal.ec2.us-east-1.dev.posthog.dev_private_key-6W4ARi\"],\"Sid\":\"\"}],\"Version\":\"2012-10-17\"}",
            "policy_id": "ANPASPAP2IQF6S4LD7BMW",
            "tags": {
              "Environment": "dev",
              "ManagedByTerraform": "true",
              "Region": "us-east-1"
            },
            "tags_all": {
              "Environment": "dev",
              "ManagedByTerraform": "true",
              "Region": "us-east-1"
            }
          },
          "sensitive_attributes": []
        }
      ]
    },
    {
      "mode": "managed",
      "type": "aws_iam_policy",
      "name": "get_posthog_ca_from_secretsmanager",
      "provider": "provider[\"registry.terraform.io/hashicorp/aws\"]",
      "instances": [
        {
          "schema_version": 0,
          "attributes": {
            "arn": "arn:aws:iam::169684386827:policy/get_posthog_ca_from_secretsmanager",
            "description": "Allow to fetch the PostHog CA public certificate (that is technically not a secret) from AWS Secrets Manager",
            "id": "arn:aws:iam::169684386827:policy/get_posthog_ca_from_secretsmanager",
            "name": "get_posthog_ca_from_secretsmanager",
            "name_prefix": "",
            "path": "/",
            "policy": "{\"Statement\":[{\"Action\":\"secretsmanager:GetSecretValue\",\"Effect\":\"Allow\",\"Resource\":\"arn:aws:secretsmanager:us-east-1:169684386827:secret:ca.crt-jrkHfy\"}],\"Version\":\"2012-10-17\"}",
            "policy_id": "ANPASPAP2IQFQRJ4TYDEP",
            "tags": {
              "Environment": "dev",
              "ManagedByTerraform": "true",
              "Region": "us-east-1"
            },
            "tags_all": {
              "Environment": "dev",
              "ManagedByTerraform": "true",
              "Region": "us-east-1"
            }
          },
          "sensitive_attributes": []
        }
      ]
    },
    {
      "mode": "managed",
      "type": "aws_iam_policy",
      "name": "posthog_dev_AWSLoadBalancerControllerGlobalIAMPolicy",
      "provider": "provider[\"registry.terraform.io/hashicorp/aws\"]",
      "instances": [
        {
          "schema_version": 0,
          "attributes": {
            "arn": "arn:aws:iam::169684386827:policy/service/posthog-dev/posthog-dev-AWSLoadBalancerControllerGlobalIAMPolicy",
            "description": "Policy to allow aws-load-balancer-controller to list target groups and their health",
            "id": "arn:aws:iam::169684386827:policy/service/posthog-dev/posthog-dev-AWSLoadBalancerControllerGlobalIAMPolicy",
            "name": "posthog-dev-AWSLoadBalancerControllerGlobalIAMPolicy",
            "name_prefix": "",
            "path": "/service/posthog-dev/",
            "policy": "{\"Statement\":[{\"Action\":[\"iam:CreateServiceLinkedRole\",\"ec2:DescribeAccountAttributes\",\"ec2:DescribeAddresses\",\"ec2:DescribeAvailabilityZones\",\"ec2:DescribeInternetGateways\",\"ec2:DescribeVpcs\",\"ec2:DescribeSubnets\",\"ec2:DescribeSecurityGroups\",\"ec2:DescribeInstances\",\"ec2:DescribeNetworkInterfaces\",\"ec2:DescribeTags\",\"ec2:GetCoipPoolUsage\",\"ec2:DescribeCoipPools\",\"elasticloadbalancing:DescribeLoadBalancers\",\"elasticloadbalancing:DescribeLoadBalancerAttributes\",\"elasticloadbalancing:DescribeListeners\",\"elasticloadbalancing:DescribeListenerCertificates\",\"elasticloadbalancing:DescribeSSLPolicies\",\"elasticloadbalancing:DescribeRules\",\"elasticloadbalancing:DescribeTargetGroups\",\"elasticloadbalancing:DescribeTargetGroupAttributes\",\"elasticloadbalancing:DescribeTargetHealth\",\"elasticloadbalancing:DescribeTags\"],\"Effect\":\"Allow\",\"Resource\":\"*\"},{\"Action\":[\"cognito-idp:DescribeUserPoolClient\",\"acm:ListCertificates\",\"acm:DescribeCertificate\",\"iam:ListServerCertificates\",\"iam:GetServerCertificate\",\"waf-regional:GetWebACL\",\"waf-regional:GetWebACLForResource\",\"waf-regional:AssociateWebACL\",\"waf-regional:DisassociateWebACL\",\"wafv2:GetWebACL\",\"wafv2:GetWebACLForResource\",\"wafv2:AssociateWebACL\",\"wafv2:DisassociateWebACL\",\"shield:GetSubscriptionState\",\"shield:DescribeProtection\",\"shield:CreateProtection\",\"shield:DeleteProtection\"],\"Effect\":\"Allow\",\"Resource\":\"*\"},{\"Action\":[\"ec2:AuthorizeSecurityGroupIngress\",\"ec2:RevokeSecurityGroupIngress\"],\"Effect\":\"Allow\",\"Resource\":\"*\"},{\"Action\":[\"ec2:CreateSecurityGroup\"],\"Effect\":\"Allow\",\"Resource\":\"*\"},{\"Action\":[\"ec2:CreateTags\"],\"Condition\":{\"Null\":{\"aws:RequestTag/elbv2.k8s.aws/cluster\":\"false\"},\"StringEquals\":{\"ec2:CreateAction\":\"CreateSecurityGroup\"}},\"Effect\":\"Allow\",\"Resource\":\"arn:aws:ec2:*:*:security-group/*\"},{\"Action\":[\"ec2:CreateTags\",\"ec2:DeleteTags\"],\"Condition\":{\"Null\":{\"aws:RequestTag/elbv2.k8s.aws/cluster\":\"true\",\"aws:ResourceTag/elbv2.k8s.aws/cluster\":\"false\"}},\"Effect\":\"Allow\",\"Resource\":\"arn:aws:ec2:*:*:security-group/*\"},{\"Action\":[\"ec2:AuthorizeSecurityGroupIngress\",\"ec2:RevokeSecurityGroupIngress\",\"ec2:DeleteSecurityGroup\"],\"Condition\":{\"Null\":{\"aws:ResourceTag/elbv2.k8s.aws/cluster\":\"false\"}},\"Effect\":\"Allow\",\"Resource\":\"*\"},{\"Action\":[\"elasticloadbalancing:CreateLoadBalancer\",\"elasticloadbalancing:CreateTargetGroup\"],\"Condition\":{\"Null\":{\"aws:RequestTag/elbv2.k8s.aws/cluster\":\"false\"}},\"Effect\":\"Allow\",\"Resource\":\"*\"},{\"Action\":[\"elasticloadbalancing:CreateListener\",\"elasticloadbalancing:DeleteListener\",\"elasticloadbalancing:CreateRule\",\"elasticloadbalancing:DeleteRule\"],\"Effect\":\"Allow\",\"Resource\":\"*\"},{\"Action\":[\"elasticloadbalancing:AddTags\",\"elasticloadbalancing:RemoveTags\"],\"Condition\":{\"Null\":{\"aws:RequestTag/elbv2.k8s.aws/cluster\":\"true\",\"aws:ResourceTag/elbv2.k8s.aws/cluster\":\"false\"}},\"Effect\":\"Allow\",\"Resource\":[\"arn:aws:elasticloadbalancing:*:*:targetgroup/*/*\",\"arn:aws:elasticloadbalancing:*:*:loadbalancer/net/*/*\",\"arn:aws:elasticloadbalancing:*:*:loadbalancer/app/*/*\"]},{\"Action\":[\"elasticloadbalancing:AddTags\",\"elasticloadbalancing:RemoveTags\"],\"Effect\":\"Allow\",\"Resource\":[\"arn:aws:elasticloadbalancing:*:*:listener/net/*/*/*\",\"arn:aws:elasticloadbalancing:*:*:listener/app/*/*/*\",\"arn:aws:elasticloadbalancing:*:*:listener-rule/net/*/*/*\",\"arn:aws:elasticloadbalancing:*:*:listener-rule/app/*/*/*\"]},{\"Action\":[\"elasticloadbalancing:ModifyLoadBalancerAttributes\",\"elasticloadbalancing:SetIpAddressType\",\"elasticloadbalancing:SetSecurityGroups\",\"elasticloadbalancing:SetSubnets\",\"elasticloadbalancing:DeleteLoadBalancer\",\"elasticloadbalancing:ModifyTargetGroup\",\"elasticloadbalancing:ModifyTargetGroupAttributes\",\"elasticloadbalancing:DeleteTargetGroup\"],\"Condition\":{\"Null\":{\"aws:ResourceTag/elbv2.k8s.aws/cluster\":\"false\"}},\"Effect\":\"Allow\",\"Resource\":\"*\"},{\"Action\":[\"elasticloadbalancing:RegisterTargets\",\"elasticloadbalancing:DeregisterTargets\"],\"Effect\":\"Allow\",\"Resource\":\"arn:aws:elasticloadbalancing:*:*:targetgroup/*/*\"},{\"Action\":[\"elasticloadbalancing:SetWebAcl\",\"elasticloadbalancing:ModifyListener\",\"elasticloadbalancing:AddListenerCertificates\",\"elasticloadbalancing:RemoveListenerCertificates\",\"elasticloadbalancing:ModifyRule\"],\"Effect\":\"Allow\",\"Resource\":\"*\"}],\"Version\":\"2012-10-17\"}",
            "policy_id": "ANPASPAP2IQFU3VD2QFPA",
            "tags": {
              "Environment": "dev",
              "ManagedByTerraform": "true",
              "Region": "us-east-1"
            },
            "tags_all": {
              "Environment": "dev",
              "ManagedByTerraform": "true",
              "Region": "us-east-1"
            }
          },
          "sensitive_attributes": []
        }
      ]
    },
    {
      "mode": "managed",
      "type": "aws_iam_policy",
      "name": "posthog_dev_ebs_csi_driver20221014160624289300000001",
      "provider": "provider[\"registry.terraform.io/hashicorp/aws\"]",
      "instances": [
        {
          "schema_version": 0,
          "attributes": {
            "arn": "arn:aws:iam::169684386827:policy/posthog-dev-ebs-csi-driver20221014160624289300000001",
            "description": "Policy for AWS EBS CSI Driver",
            "id": "arn:aws:iam::169684386827:policy/posthog-dev-ebs-csi-driver20221014160624289300000001",
            "name": "posthog-dev-ebs-csi-driver20221014160624289300000001",
            "name_prefix": "posthog-dev-ebs-csi-driver",
            "path": "/",
            "policy": "{\"Statement\":[{\"Action\":[\"kms:RevokeGrant\",\"kms:ListGrants\",\"kms:CreateGrant\"],\"Condition\":{\"Bool\":{\"kms:GrantIsForAWSResource\":\"true\"}},\"Effect\":\"Allow\",\"Resource\":\"*\",\"Sid\":\"\"},{\"Action\":[\"kms:ReEncrypt*\",\"kms:GenerateDataKey*\",\"kms:Encrypt\",\"kms:DescribeKey\",\"kms:Decrypt\"],\"Effect\":\"Allow\",\"Resource\":\"*\",\"Sid\":\"\"}],\"Version\":\"2012-10-17\"}",
            "policy_id": "ANPASPAP2IQFSFWJH4ROC",
            "tags": {
              "Environment": "dev",
              "ManagedByTerraform": "true",
              "Region": "us-east-1"
            },
            "tags_all": {
              "Environment": "dev",
              "ManagedByTerraform": "true",
              "Region": "us-east-1"
            }
          },
          "sensitive_attributes": []
        }
      ]
    },
    {
      "mode": "managed",
      "type": "aws_iam_policy",
      "name": "posthog_dev_external_dns20220506104822640100000001",
      "provider": "provider[\"registry.terraform.io/hashicorp/aws\"]",
      "instances": [
        {
          "schema_version": 0,
          "attributes": {
            "arn": "arn:aws:iam::169684386827:policy/posthog-dev-external-dns20220506104822640100000001",
            "description": "Route53 access policy for cluster posthog-dev",
            "id": "arn:aws:iam::169684386827:policy/posthog-dev-external-dns20220506104822640100000001",
            "name": "posthog-dev-external-dns20220506104822640100000001",
            "name_prefix": "posthog-dev-external-dns",
            "path": "/",
            "policy": "{\"Statement\":[{\"Action\":\"route53:ChangeResourceRecordSets\",\"Effect\":\"Allow\",\"Resource\":[\"arn:aws:route53:::hostedzone/Z043900936DZ9G8H9I247\",\"arn:aws:route53:::hostedzone/Z022506014OQVW0SW3RY1\"],\"Sid\":\"\"},{\"Action\":[\"route53:ListResourceRecordSets\",\"route53:ListHostedZones\"],\"Effect\":\"Allow\",\"Resource\":\"*\",\"Sid\":\"\"}],\"Version\":\"2012-10-17\"}",
            "policy_id": "ANPASPAP2IQFW6YK6OQP4",
            "tags": {
              "Environment": "dev",
              "ManagedByTerraform": "true",
              "Region": "us-east-1"
            },
            "tags_all": {
              "Environment": "dev",
              "ManagedByTerraform": "true",
              "Region": "us-east-1"
            }
          },
          "sensitive_attributes": []
        }
      ]
    },
    {
      "mode": "managed",
      "type": "aws_iam_policy",
      "name": "posthog_dev_worker_autoscaling20220503143630354100000003",
      "provider": "provider[\"registry.terraform.io/hashicorp/aws\"]",
      "instances": [
        {
          "schema_version": 0,
          "attributes": {
            "arn": "arn:aws:iam::169684386827:policy/posthog-dev-worker-autoscaling20220503143630354100000003",
            "description": "EKS worker node autoscaling policy for cluster posthog-dev",
            "id": "arn:aws:iam::169684386827:policy/posthog-dev-worker-autoscaling20220503143630354100000003",
            "name": "posthog-dev-worker-autoscaling20220503143630354100000003",
            "name_prefix": "posthog-dev-worker-autoscaling",
            "path": "/",
            "policy": "{\"Statement\":[{\"Action\":[\"ec2:DescribeLaunchTemplateVersions\",\"ec2:DescribeInstanceTypes\",\"autoscaling:DescribeTags\",\"autoscaling:DescribeLaunchConfigurations\",\"autoscaling:DescribeAutoScalingInstances\",\"autoscaling:DescribeAutoScalingGroups\"],\"Effect\":\"Allow\",\"Resource\":\"*\",\"Sid\":\"eksWorkerAutoscalingAll\"},{\"Action\":[\"autoscaling:UpdateAutoScalingGroup\",\"autoscaling:TerminateInstanceInAutoScalingGroup\",\"autoscaling:SetDesiredCapacity\"],\"Condition\":{\"StringEquals\":{\"autoscaling:ResourceTag/k8s.io/cluster-autoscaler/enabled\":\"true\",\"autoscaling:ResourceTag/kubernetes.io/cluster/posthog-dev\":\"owned\"}},\"Effect\":\"Allow\",\"Resource\":\"*\",\"Sid\":\"eksWorkerAutoscalingOwn\"}],\"Version\":\"2012-10-17\"}",
            "policy_id": "ANPASPAP2IQFUHQ4Y35XF",
            "tags": {
              "Environment": "dev",
              "ManagedByTerraform": "true",
              "Region": "us-east-1"
            },
            "tags_all": {
              "Environment": "dev",
              "ManagedByTerraform": "true",
              "Region": "us-east-1"
            }
          },
          "sensitive_attributes": []
        }
      ]
    },
    {
      "mode": "managed",
      "type": "aws_iam_policy",
      "name": "ses_sender",
      "provider": "provider[\"registry.terraform.io/hashicorp/aws\"]",
      "instances": [
        {
          "schema_version": 0,
          "attributes": {
            "arn": "arn:aws:iam::169684386827:policy/ses_sender",
            "description": "Allows sending of e-mails via Simple Email Service",
            "id": "arn:aws:iam::169684386827:policy/ses_sender",
            "name": "ses_sender",
            "name_prefix": "",
            "path": "/",
            "policy": "{\"Statement\":[{\"Action\":\"ses:SendRawEmail\",\"Effect\":\"Allow\",\"Resource\":\"*\",\"Sid\":\"\"}],\"Version\":\"2012-10-17\"}",
            "policy_id": "ANPASPAP2IQFUGKSPEBGY",
            "tags": {
              "Environment": "dev",
              "ManagedByTerraform": "true",
              "Region": "us-east-1"
            },
            "tags_all": {
              "Environment": "dev",
              "ManagedByTerraform": "true",
              "Region": "us-east-1"
            }
          },
          "sensitive_attributes": []
        }
      ]
    },
    {
      "mode": "managed",
      "type": "aws_iam_policy",
      "name": "terraform_role",
      "provider": "provider[\"registry.terraform.io/hashicorp/aws\"]",
      "instances": [
        {
          "schema_version": 0,
          "attributes": {
            "arn": "arn:aws:iam::169684386827:policy/terraform-role",
            "description": "",
            "id": "arn:aws:iam::169684386827:policy/terraform-role",
            "name": "terraform-role",
            "name_prefix": "",
            "path": "/",
            "policy": "{\"Statement\":[{\"Action\":[\"*\"],\"Effect\":\"Allow\",\"Resource\":\"*\"}],\"Version\":\"2012-10-17\"}",
            "policy_id": "ANPASPAP2IQFRPRP77KPA",
            "tags": {
              "Environment": "dev",
              "ManagedByTerraform": "true",
              "Region": "us-east-1"
            },
            "tags_all": {
              "Environment": "dev",
              "ManagedByTerraform": "true",
              "Region": "us-east-1"
            }
          },
          "sensitive_attributes": []
        }
      ]
    },
    {
      "mode": "managed",
      "type": "aws_iam_policy",
      "name": "test_ch_pr_1377_ch_get_tls_secrets",
      "provider": "provider[\"registry.terraform.io/hashicorp/aws\"]",
      "instances": [
        {
          "schema_version": 0,
          "attributes": {
            "arn": "arn:aws:iam::169684386827:policy/test_ch_pr_1377_ch_get_tls_secrets",
            "description": "Allow to fetch the public/private keypair certificate from AWS Secrets Manager",
            "id": "arn:aws:iam::169684386827:policy/test_ch_pr_1377_ch_get_tls_secrets",
            "name": "test_ch_pr_1377_ch_get_tls_secrets",
            "name_prefix": "",
            "path": "/",
            "policy": "{\"Statement\":[{\"Action\":\"secretsmanager:GetSecretValue\",\"Effect\":\"Allow\",\"Resource\":[\"arn:aws:secretsmanager:us-east-1:169684386827:secret:ca.crt-jrkHfy\",\"arn:aws:secretsmanager:us-east-1:169684386827:secret:.internal.ec2.us-east-1.dev.posthog.dev_public_key-K9L9pb\",\"arn:aws:secretsmanager:us-east-1:169684386827:secret:.internal.ec2.us-east-1.dev.posthog.dev_private_key-6W4ARi\"],\"Sid\":\"\"}],\"Version\":\"2012-10-17\"}",
            "policy_id": "ANPASPAP2IQFX3LYEGC2K",
            "tags": {
              "Environment": "dev",
              "ManagedByTerraform": "true"
            },
            "tags_all": {
              "Environment": "dev",
              "ManagedByTerraform": "true"
            }
          },
          "sensitive_attributes": []
        }
      ]
    },
    {
      "mode": "managed",
      "type": "aws_iam_policy",
      "name": "test_ch_pr_218_ch_get_tls_secrets",
      "provider": "provider[\"registry.terraform.io/hashicorp/aws\"]",
      "instances": [
        {
          "schema_version": 0,
          "attributes": {
            "arn": "arn:aws:iam::169684386827:policy/test_ch_pr_218_ch_get_tls_secrets",
            "description": "Allow to fetch the public/private keypair certificate from AWS Secrets Manager",
            "id": "arn:aws:iam::169684386827:policy/test_ch_pr_218_ch_get_tls_secrets",
            "name": "test_ch_pr_218_ch_get_tls_secrets",
            "name_prefix": "",
            "path": "/",
            "policy": "{\"Statement\":[{\"Action\":\"secretsmanager:GetSecretValue\",\"Effect\":\"Allow\",\"Resource\":[\"arn:aws:secretsmanager:us-east-1:169684386827:secret:ca.crt-jrkHfy\",\"arn:aws:secretsmanager:us-east-1:169684386827:secret:.internal.ec2.us-east-1.dev.posthog.dev_public_key-K9L9pb\",\"arn:aws:secretsmanager:us-east-1:169684386827:secret:.internal.ec2.us-east-1.dev.posthog.dev_private_key-6W4ARi\"],\"Sid\":\"\"}],\"Version\":\"2012-10-17\"}",
            "policy_id": "ANPASPAP2IQFQXNYAR3US",
            "tags": {
              "Environment": "dev",
              "ManagedByTerraform": "true"
            },
            "tags_all": {
              "Environment": "dev",
              "ManagedByTerraform": "true"
            }
          },
          "sensitive_attributes": []
        }
      ]
    },
    {
      "mode": "managed",
      "type": "aws_iam_policy",
      "name": "test_ch_pr_218_get_kafka_mtls_secrets",
      "provider": "provider[\"registry.terraform.io/hashicorp/aws\"]",
      "instances": [
        {
          "schema_version": 0,
          "attributes": {
            "arn": "arn:aws:iam::169684386827:policy/test-ch-pr-218-get_kafka_mtls_secrets",
            "description": "Allow to fetch the public/private/ca for Kafka consumption",
            "id": "arn:aws:iam::169684386827:policy/test-ch-pr-218-get_kafka_mtls_secrets",
            "name": "test-ch-pr-218-get_kafka_mtls_secrets",
            "name_prefix": "",
            "path": "/",
            "policy": "{\"Statement\":[{\"Action\":\"secretsmanager:GetSecretValue\",\"Effect\":\"Allow\",\"Resource\":[\"arn:aws:secretsmanager:us-east-1:169684386827:secret:test-ch-pr-218-ch-kafka-key-wKTrNN\",\"arn:aws:secretsmanager:us-east-1:169684386827:secret:test-ch-pr-218-ch-kafka-cert-ivDIv7\",\"arn:aws:secretsmanager:us-east-1:169684386827:secret:test-ch-pr-218-ch-kafka-ca-gHEk0M\"],\"Sid\":\"\"}],\"Version\":\"2012-10-17\"}",
            "policy_id": "ANPASPAP2IQF33PLXBDV3",
            "tags": {
              "Environment": "dev",
              "ManagedByTerraform": "true"
            },
            "tags_all": {
              "Environment": "dev",
              "ManagedByTerraform": "true"
            }
          },
          "sensitive_attributes": []
        }
      ]
    },
    {
      "mode": "managed",
      "type": "aws_iam_policy",
      "name": "test_ch_pr_229_ch_get_tls_secrets",
      "provider": "provider[\"registry.terraform.io/hashicorp/aws\"]",
      "instances": [
        {
          "schema_version": 0,
          "attributes": {
            "arn": "arn:aws:iam::169684386827:policy/test_ch_pr_229_ch_get_tls_secrets",
            "description": "Allow to fetch the public/private keypair certificate from AWS Secrets Manager",
            "id": "arn:aws:iam::169684386827:policy/test_ch_pr_229_ch_get_tls_secrets",
            "name": "test_ch_pr_229_ch_get_tls_secrets",
            "name_prefix": "",
            "path": "/",
            "policy": "{\"Statement\":[{\"Action\":\"secretsmanager:GetSecretValue\",\"Effect\":\"Allow\",\"Resource\":[\"arn:aws:secretsmanager:us-east-1:169684386827:secret:ca.crt-jrkHfy\",\"arn:aws:secretsmanager:us-east-1:169684386827:secret:.internal.ec2.us-east-1.dev.posthog.dev_public_key-K9L9pb\",\"arn:aws:secretsmanager:us-east-1:169684386827:secret:.internal.ec2.us-east-1.dev.posthog.dev_private_key-6W4ARi\"],\"Sid\":\"\"}],\"Version\":\"2012-10-17\"}",
            "policy_id": "ANPASPAP2IQF6XLJFJUV4",
            "tags": {
              "Environment": "dev",
              "ManagedByTerraform": "true"
            },
            "tags_all": {
              "Environment": "dev",
              "ManagedByTerraform": "true"
            }
          },
          "sensitive_attributes": []
        }
      ]
    },
    {
      "mode": "managed",
      "type": "aws_iam_policy",
      "name": "test_ch_pr_229_get_kafka_mtls_secrets",
      "provider": "provider[\"registry.terraform.io/hashicorp/aws\"]",
      "instances": [
        {
          "schema_version": 0,
          "attributes": {
            "arn": "arn:aws:iam::169684386827:policy/test-ch-pr-229-get_kafka_mtls_secrets",
            "description": "Allow to fetch the public/private/ca for Kafka consumption",
            "id": "arn:aws:iam::169684386827:policy/test-ch-pr-229-get_kafka_mtls_secrets",
            "name": "test-ch-pr-229-get_kafka_mtls_secrets",
            "name_prefix": "",
            "path": "/",
            "policy": "{\"Statement\":[{\"Action\":\"secretsmanager:GetSecretValue\",\"Effect\":\"Allow\",\"Resource\":[\"arn:aws:secretsmanager:us-east-1:169684386827:secret:test-ch-pr-229-ch-kafka-key-MgEsJl\",\"arn:aws:secretsmanager:us-east-1:169684386827:secret:test-ch-pr-229-ch-kafka-cert-2HtEZy\",\"arn:aws:secretsmanager:us-east-1:169684386827:secret:test-ch-pr-229-ch-kafka-ca-il7Bmm\"],\"Sid\":\"\"}],\"Version\":\"2012-10-17\"}",
            "policy_id": "ANPASPAP2IQFRNMNTL4FA",
            "tags": {
              "Environment": "dev",
              "ManagedByTerraform": "true"
            },
            "tags_all": {
              "Environment": "dev",
              "ManagedByTerraform": "true"
            }
          },
          "sensitive_attributes": []
        }
      ]
    },
    {
      "mode": "managed",
      "type": "aws_iam_policy",
      "name": "test_ch_pr_230_ch_get_tls_secrets",
      "provider": "provider[\"registry.terraform.io/hashicorp/aws\"]",
      "instances": [
        {
          "schema_version": 0,
          "attributes": {
            "arn": "arn:aws:iam::169684386827:policy/test_ch_pr_230_ch_get_tls_secrets",
            "description": "Allow to fetch the public/private keypair certificate from AWS Secrets Manager",
            "id": "arn:aws:iam::169684386827:policy/test_ch_pr_230_ch_get_tls_secrets",
            "name": "test_ch_pr_230_ch_get_tls_secrets",
            "name_prefix": "",
            "path": "/",
            "policy": "{\"Statement\":[{\"Action\":\"secretsmanager:GetSecretValue\",\"Effect\":\"Allow\",\"Resource\":[\"arn:aws:secretsmanager:us-east-1:169684386827:secret:ca.crt-jrkHfy\",\"arn:aws:secretsmanager:us-east-1:169684386827:secret:.internal.ec2.us-east-1.dev.posthog.dev_public_key-K9L9pb\",\"arn:aws:secretsmanager:us-east-1:169684386827:secret:.internal.ec2.us-east-1.dev.posthog.dev_private_key-6W4ARi\"],\"Sid\":\"\"}],\"Version\":\"2012-10-17\"}",
            "policy_id": "ANPASPAP2IQFWJGXIMNHG",
            "tags": {
              "Environment": "dev",
              "ManagedByTerraform": "true"
            },
            "tags_all": {
              "Environment": "dev",
              "ManagedByTerraform": "true"
            }
          },
          "sensitive_attributes": []
        }
      ]
    },
    {
      "mode": "managed",
      "type": "aws_iam_policy",
      "name": "test_ch_pr_230_get_kafka_mtls_secrets",
      "provider": "provider[\"registry.terraform.io/hashicorp/aws\"]",
      "instances": [
        {
          "schema_version": 0,
          "attributes": {
            "arn": "arn:aws:iam::169684386827:policy/test-ch-pr-230-get_kafka_mtls_secrets",
            "description": "Allow to fetch the public/private/ca for Kafka consumption",
            "id": "arn:aws:iam::169684386827:policy/test-ch-pr-230-get_kafka_mtls_secrets",
            "name": "test-ch-pr-230-get_kafka_mtls_secrets",
            "name_prefix": "",
            "path": "/",
            "policy": "{\"Statement\":[{\"Action\":\"secretsmanager:GetSecretValue\",\"Effect\":\"Allow\",\"Resource\":[\"arn:aws:secretsmanager:us-east-1:169684386827:secret:test-ch-pr-230-ch-kafka-key-r9YBwn\",\"arn:aws:secretsmanager:us-east-1:169684386827:secret:test-ch-pr-230-ch-kafka-cert-r9YBwn\",\"arn:aws:secretsmanager:us-east-1:169684386827:secret:test-ch-pr-230-ch-kafka-ca-PhNoQr\"],\"Sid\":\"\"}],\"Version\":\"2012-10-17\"}",
            "policy_id": "ANPASPAP2IQFUUCTHJ2WZ",
            "tags": {
              "Environment": "dev",
              "ManagedByTerraform": "true"
            },
            "tags_all": {
              "Environment": "dev",
              "ManagedByTerraform": "true"
            }
          },
          "sensitive_attributes": []
        }
      ]
    },
    {
      "mode": "managed",
      "type": "aws_iam_policy",
      "name": "test_ch_pr_485_ch_get_tls_secrets",
      "provider": "provider[\"registry.terraform.io/hashicorp/aws\"]",
      "instances": [
        {
          "schema_version": 0,
          "attributes": {
            "arn": "arn:aws:iam::169684386827:policy/test_ch_pr_485_ch_get_tls_secrets",
            "description": "Allow to fetch the public/private keypair certificate from AWS Secrets Manager",
            "id": "arn:aws:iam::169684386827:policy/test_ch_pr_485_ch_get_tls_secrets",
            "name": "test_ch_pr_485_ch_get_tls_secrets",
            "name_prefix": "",
            "path": "/",
            "policy": "{\"Statement\":[{\"Action\":\"secretsmanager:GetSecretValue\",\"Effect\":\"Allow\",\"Resource\":[\"arn:aws:secretsmanager:us-east-1:169684386827:secret:ca.crt-jrkHfy\",\"arn:aws:secretsmanager:us-east-1:169684386827:secret:.internal.ec2.us-east-1.dev.posthog.dev_public_key-K9L9pb\",\"arn:aws:secretsmanager:us-east-1:169684386827:secret:.internal.ec2.us-east-1.dev.posthog.dev_private_key-6W4ARi\"],\"Sid\":\"\"}],\"Version\":\"2012-10-17\"}",
            "policy_id": "ANPASPAP2IQF4LT36OMVN",
            "tags": {
              "Environment": "dev",
              "ManagedByTerraform": "true"
            },
            "tags_all": {
              "Environment": "dev",
              "ManagedByTerraform": "true"
            }
          },
          "sensitive_attributes": []
        }
      ]
    },
    {
      "mode": "managed",
      "type": "aws_iam_policy",
      "name": "test_ch_pr_485_get_kafka_mtls_secrets",
      "provider": "provider[\"registry.terraform.io/hashicorp/aws\"]",
      "instances": [
        {
          "schema_version": 0,
          "attributes": {
            "arn": "arn:aws:iam::169684386827:policy/test-ch-pr-485-get_kafka_mtls_secrets",
            "description": "Allow to fetch the public/private/ca for Kafka consumption",
            "id": "arn:aws:iam::169684386827:policy/test-ch-pr-485-get_kafka_mtls_secrets",
            "name": "test-ch-pr-485-get_kafka_mtls_secrets",
            "name_prefix": "",
            "path": "/",
            "policy": "{\"Statement\":[{\"Action\":\"secretsmanager:GetSecretValue\",\"Effect\":\"Allow\",\"Resource\":[\"arn:aws:secretsmanager:us-east-1:169684386827:secret:test-ch-pr-485-ch-kafka-key-9JHtpV\",\"arn:aws:secretsmanager:us-east-1:169684386827:secret:test-ch-pr-485-ch-kafka-cert-OhnOvI\",\"arn:aws:secretsmanager:us-east-1:169684386827:secret:test-ch-pr-485-ch-kafka-ca-nfaw8F\"],\"Sid\":\"\"}],\"Version\":\"2012-10-17\"}",
            "policy_id": "ANPASPAP2IQF4B667MA7L",
            "tags": {
              "Environment": "dev",
              "ManagedByTerraform": "true"
            },
            "tags_all": {
              "Environment": "dev",
              "ManagedByTerraform": "true"
            }
          },
          "sensitive_attributes": []
        }
      ]
    },
    {
      "mode": "managed",
      "type": "aws_iam_policy",
      "name": "test_eks_pr_121_posthog_dev_AWSLoadBalancerControllerGlobalIAMPolicy",
      "provider": "provider[\"registry.terraform.io/hashicorp/aws\"]",
      "instances": [
        {
          "schema_version": 0,
          "attributes": {
            "arn": "arn:aws:iam::169684386827:policy/service/test-eks-pr-121-posthog-dev/test-eks-pr-121-posthog-dev-AWSLoadBalancerControllerGlobalIAMPolicy",
            "description": "Policy to allow aws-load-balancer-controller to list target groups and their health",
            "id": "arn:aws:iam::169684386827:policy/service/test-eks-pr-121-posthog-dev/test-eks-pr-121-posthog-dev-AWSLoadBalancerControllerGlobalIAMPolicy",
            "name": "test-eks-pr-121-posthog-dev-AWSLoadBalancerControllerGlobalIAMPolicy",
            "name_prefix": "",
            "path": "/service/test-eks-pr-121-posthog-dev/",
            "policy": "{\"Statement\":[{\"Action\":[\"elasticloadbalancing:DescribeTargetGroups\",\"elasticloadbalancing:DescribeTargetHealth\"],\"Effect\":\"Allow\",\"Resource\":\"*\"}],\"Version\":\"2012-10-17\"}",
            "policy_id": "ANPASPAP2IQFZWTR7NU32",
            "tags": {
              "Environment": "dev",
              "ManagedByTerraform": "true"
            },
            "tags_all": {
              "Environment": "dev",
              "ManagedByTerraform": "true"
            }
          },
          "sensitive_attributes": []
        }
      ]
    },
    {
      "mode": "managed",
      "type": "aws_iam_policy",
      "name": "test_eks_pr_122_posthog_dev_AWSLoadBalancerControllerGlobalIAMPolicy",
      "provider": "provider[\"registry.terraform.io/hashicorp/aws\"]",
      "instances": [
        {
          "schema_version": 0,
          "attributes": {
            "arn": "arn:aws:iam::169684386827:policy/service/test-eks-pr-122-posthog-dev/test-eks-pr-122-posthog-dev-AWSLoadBalancerControllerGlobalIAMPolicy",
            "description": "Policy to allow aws-load-balancer-controller to list target groups and their health",
            "id": "arn:aws:iam::169684386827:policy/service/test-eks-pr-122-posthog-dev/test-eks-pr-122-posthog-dev-AWSLoadBalancerControllerGlobalIAMPolicy",
            "name": "test-eks-pr-122-posthog-dev-AWSLoadBalancerControllerGlobalIAMPolicy",
            "name_prefix": "",
            "path": "/service/test-eks-pr-122-posthog-dev/",
            "policy": "{\"Statement\":[{\"Action\":[\"elasticloadbalancing:DescribeTargetGroups\",\"elasticloadbalancing:DescribeTargetHealth\"],\"Effect\":\"Allow\",\"Resource\":\"*\"}],\"Version\":\"2012-10-17\"}",
            "policy_id": "ANPASPAP2IQFYVIKWINLV",
            "tags": {
              "Environment": "dev",
              "ManagedByTerraform": "true"
            },
            "tags_all": {
              "Environment": "dev",
              "ManagedByTerraform": "true"
            }
          },
          "sensitive_attributes": []
        }
      ]
    },
    {
      "mode": "managed",
      "type": "aws_iam_policy",
      "name": "test_eks_pr_123_posthog_dev_AWSLoadBalancerControllerGlobalIAMPolicy",
      "provider": "provider[\"registry.terraform.io/hashicorp/aws\"]",
      "instances": [
        {
          "schema_version": 0,
          "attributes": {
            "arn": "arn:aws:iam::169684386827:policy/service/test-eks-pr-123-posthog-dev/test-eks-pr-123-posthog-dev-AWSLoadBalancerControllerGlobalIAMPolicy",
            "description": "Policy to allow aws-load-balancer-controller to list target groups and their health",
            "id": "arn:aws:iam::169684386827:policy/service/test-eks-pr-123-posthog-dev/test-eks-pr-123-posthog-dev-AWSLoadBalancerControllerGlobalIAMPolicy",
            "name": "test-eks-pr-123-posthog-dev-AWSLoadBalancerControllerGlobalIAMPolicy",
            "name_prefix": "",
            "path": "/service/test-eks-pr-123-posthog-dev/",
            "policy": "{\"Statement\":[{\"Action\":[\"elasticloadbalancing:DescribeTargetGroups\",\"elasticloadbalancing:DescribeTargetHealth\"],\"Effect\":\"Allow\",\"Resource\":\"*\"}],\"Version\":\"2012-10-17\"}",
            "policy_id": "ANPASPAP2IQFR3CRG3S5A",
            "tags": {
              "Environment": "dev",
              "ManagedByTerraform": "true"
            },
            "tags_all": {
              "Environment": "dev",
              "ManagedByTerraform": "true"
            }
          },
          "sensitive_attributes": []
        }
      ]
    },
    {
      "mode": "managed",
      "type": "aws_iam_policy",
      "name": "test_eks_pr_1337_posthog_dev_AWSLoadBalancerControllerGlobalIAMPolicy",
      "provider": "provider[\"registry.terraform.io/hashicorp/aws\"]",
      "instances": [
        {
          "schema_version": 0,
          "attributes": {
            "arn": "arn:aws:iam::169684386827:policy/service/test-eks-pr-1337-posthog-dev/test-eks-pr-1337-posthog-dev-AWSLoadBalancerControllerGlobalIAMPolicy",
            "description": "Policy to allow aws-load-balancer-controller to list target groups and their health",
            "id": "arn:aws:iam::169684386827:policy/service/test-eks-pr-1337-posthog-dev/test-eks-pr-1337-posthog-dev-AWSLoadBalancerControllerGlobalIAMPolicy",
            "name": "test-eks-pr-1337-posthog-dev-AWSLoadBalancerControllerGlobalIAMPolicy",
            "name_prefix": "",
            "path": "/service/test-eks-pr-1337-posthog-dev/",
            "policy": "{\"Statement\":[{\"Action\":[\"iam:CreateServiceLinkedRole\",\"ec2:DescribeAccountAttributes\",\"ec2:DescribeAddresses\",\"ec2:DescribeAvailabilityZones\",\"ec2:DescribeInternetGateways\",\"ec2:DescribeVpcs\",\"ec2:DescribeSubnets\",\"ec2:DescribeSecurityGroups\",\"ec2:DescribeInstances\",\"ec2:DescribeNetworkInterfaces\",\"ec2:DescribeTags\",\"ec2:GetCoipPoolUsage\",\"ec2:DescribeCoipPools\",\"elasticloadbalancing:DescribeLoadBalancers\",\"elasticloadbalancing:DescribeLoadBalancerAttributes\",\"elasticloadbalancing:DescribeListeners\",\"elasticloadbalancing:DescribeListenerCertificates\",\"elasticloadbalancing:DescribeSSLPolicies\",\"elasticloadbalancing:DescribeRules\",\"elasticloadbalancing:DescribeTargetGroups\",\"elasticloadbalancing:DescribeTargetGroupAttributes\",\"elasticloadbalancing:DescribeTargetHealth\",\"elasticloadbalancing:DescribeTags\"],\"Effect\":\"Allow\",\"Resource\":\"*\"},{\"Action\":[\"cognito-idp:DescribeUserPoolClient\",\"acm:ListCertificates\",\"acm:DescribeCertificate\",\"iam:ListServerCertificates\",\"iam:GetServerCertificate\",\"waf-regional:GetWebACL\",\"waf-regional:GetWebACLForResource\",\"waf-regional:AssociateWebACL\",\"waf-regional:DisassociateWebACL\",\"wafv2:GetWebACL\",\"wafv2:GetWebACLForResource\",\"wafv2:AssociateWebACL\",\"wafv2:DisassociateWebACL\",\"shield:GetSubscriptionState\",\"shield:DescribeProtection\",\"shield:CreateProtection\",\"shield:DeleteProtection\"],\"Effect\":\"Allow\",\"Resource\":\"*\"},{\"Action\":[\"ec2:AuthorizeSecurityGroupIngress\",\"ec2:RevokeSecurityGroupIngress\"],\"Effect\":\"Allow\",\"Resource\":\"*\"},{\"Action\":[\"ec2:CreateSecurityGroup\"],\"Effect\":\"Allow\",\"Resource\":\"*\"},{\"Action\":[\"ec2:CreateTags\"],\"Condition\":{\"Null\":{\"aws:RequestTag/elbv2.k8s.aws/cluster\":\"false\"},\"StringEquals\":{\"ec2:CreateAction\":\"CreateSecurityGroup\"}},\"Effect\":\"Allow\",\"Resource\":\"arn:aws:ec2:*:*:security-group/*\"},{\"Action\":[\"ec2:CreateTags\",\"ec2:DeleteTags\"],\"Condition\":{\"Null\":{\"aws:RequestTag/elbv2.k8s.aws/cluster\":\"true\",\"aws:ResourceTag/elbv2.k8s.aws/cluster\":\"false\"}},\"Effect\":\"Allow\",\"Resource\":\"arn:aws:ec2:*:*:security-group/*\"},{\"Action\":[\"ec2:AuthorizeSecurityGroupIngress\",\"ec2:RevokeSecurityGroupIngress\",\"ec2:DeleteSecurityGroup\"],\"Condition\":{\"Null\":{\"aws:ResourceTag/elbv2.k8s.aws/cluster\":\"false\"}},\"Effect\":\"Allow\",\"Resource\":\"*\"},{\"Action\":[\"elasticloadbalancing:CreateLoadBalancer\",\"elasticloadbalancing:CreateTargetGroup\"],\"Condition\":{\"Null\":{\"aws:RequestTag/elbv2.k8s.aws/cluster\":\"false\"}},\"Effect\":\"Allow\",\"Resource\":\"*\"},{\"Action\":[\"elasticloadbalancing:CreateListener\",\"elasticloadbalancing:DeleteListener\",\"elasticloadbalancing:CreateRule\",\"elasticloadbalancing:DeleteRule\"],\"Effect\":\"Allow\",\"Resource\":\"*\"},{\"Action\":[\"elasticloadbalancing:AddTags\",\"elasticloadbalancing:RemoveTags\"],\"Condition\":{\"Null\":{\"aws:RequestTag/elbv2.k8s.aws/cluster\":\"true\",\"aws:ResourceTag/elbv2.k8s.aws/cluster\":\"false\"}},\"Effect\":\"Allow\",\"Resource\":[\"arn:aws:elasticloadbalancing:*:*:targetgroup/*/*\",\"arn:aws:elasticloadbalancing:*:*:loadbalancer/net/*/*\",\"arn:aws:elasticloadbalancing:*:*:loadbalancer/app/*/*\"]},{\"Action\":[\"elasticloadbalancing:AddTags\",\"elasticloadbalancing:RemoveTags\"],\"Effect\":\"Allow\",\"Resource\":[\"arn:aws:elasticloadbalancing:*:*:listener/net/*/*/*\",\"arn:aws:elasticloadbalancing:*:*:listener/app/*/*/*\",\"arn:aws:elasticloadbalancing:*:*:listener-rule/net/*/*/*\",\"arn:aws:elasticloadbalancing:*:*:listener-rule/app/*/*/*\"]},{\"Action\":[\"elasticloadbalancing:ModifyLoadBalancerAttributes\",\"elasticloadbalancing:SetIpAddressType\",\"elasticloadbalancing:SetSecurityGroups\",\"elasticloadbalancing:SetSubnets\",\"elasticloadbalancing:DeleteLoadBalancer\",\"elasticloadbalancing:ModifyTargetGroup\",\"elasticloadbalancing:ModifyTargetGroupAttributes\",\"elasticloadbalancing:DeleteTargetGroup\"],\"Condition\":{\"Null\":{\"aws:ResourceTag/elbv2.k8s.aws/cluster\":\"false\"}},\"Effect\":\"Allow\",\"Resource\":\"*\"},{\"Action\":[\"elasticloadbalancing:RegisterTargets\",\"elasticloadbalancing:DeregisterTargets\"],\"Effect\":\"Allow\",\"Resource\":\"arn:aws:elasticloadbalancing:*:*:targetgroup/*/*\"},{\"Action\":[\"elasticloadbalancing:SetWebAcl\",\"elasticloadbalancing:ModifyListener\",\"elasticloadbalancing:AddListenerCertificates\",\"elasticloadbalancing:RemoveListenerCertificates\",\"elasticloadbalancing:ModifyRule\"],\"Effect\":\"Allow\",\"Resource\":\"*\"}],\"Version\":\"2012-10-17\"}",
            "policy_id": "ANPASPAP2IQFRVIIUD64C",
            "tags": {
              "Environment": "dev",
              "ManagedByTerraform": "true"
            },
            "tags_all": {
              "Environment": "dev",
              "ManagedByTerraform": "true"
            }
          },
          "sensitive_attributes": []
        }
      ]
    },
    {
      "mode": "managed",
      "type": "aws_iam_policy",
      "name": "test_eks_pr_1337_posthog_dev_ebs_csi_driver20230317170454445900000024",
      "provider": "provider[\"registry.terraform.io/hashicorp/aws\"]",
      "instances": [
        {
          "schema_version": 0,
          "attributes": {
            "arn": "arn:aws:iam::169684386827:policy/test-eks-pr-1337-posthog-dev-ebs-csi-driver20230317170454445900000024",
            "description": "Policy for AWS EBS CSI Driver",
            "id": "arn:aws:iam::169684386827:policy/test-eks-pr-1337-posthog-dev-ebs-csi-driver20230317170454445900000024",
            "name": "test-eks-pr-1337-posthog-dev-ebs-csi-driver20230317170454445900000024",
            "name_prefix": "test-eks-pr-1337-posthog-dev-ebs-csi-driver",
            "path": "/",
            "policy": "{\"Statement\":[{\"Action\":[\"kms:RevokeGrant\",\"kms:ListGrants\",\"kms:CreateGrant\"],\"Condition\":{\"Bool\":{\"kms:GrantIsForAWSResource\":\"true\"}},\"Effect\":\"Allow\",\"Resource\":\"*\",\"Sid\":\"\"},{\"Action\":[\"kms:ReEncrypt*\",\"kms:GenerateDataKey*\",\"kms:Encrypt\",\"kms:DescribeKey\",\"kms:Decrypt\"],\"Effect\":\"Allow\",\"Resource\":\"*\",\"Sid\":\"\"}],\"Version\":\"2012-10-17\"}",
            "policy_id": "ANPASPAP2IQF5I4RWMWHV",
            "tags": {
              "Environment": "dev",
              "ManagedByTerraform": "true"
            },
            "tags_all": {
              "Environment": "dev",
              "ManagedByTerraform": "true"
            }
          },
          "sensitive_attributes": []
        }
      ]
    },
    {
      "mode": "managed",
      "type": "aws_iam_policy",
      "name": "test_eks_pr_1337_posthog_dev_external_dns20230317170454980500000031",
      "provider": "provider[\"registry.terraform.io/hashicorp/aws\"]",
      "instances": [
        {
          "schema_version": 0,
          "attributes": {
            "arn": "arn:aws:iam::169684386827:policy/test-eks-pr-1337-posthog-dev-external-dns20230317170454980500000031",
            "description": "Route53 access policy for cluster test-eks-pr-1337-posthog-dev",
            "id": "arn:aws:iam::169684386827:policy/test-eks-pr-1337-posthog-dev-external-dns20230317170454980500000031",
            "name": "test-eks-pr-1337-posthog-dev-external-dns20230317170454980500000031",
            "name_prefix": "test-eks-pr-1337-posthog-dev-external-dns",
            "path": "/",
            "policy": "{\"Statement\":[{\"Action\":\"route53:ChangeResourceRecordSets\",\"Effect\":\"Allow\",\"Resource\":\"arn:aws:route53:::hostedzone/Z043900936DZ9G8H9I247\",\"Sid\":\"\"},{\"Action\":[\"route53:ListResourceRecordSets\",\"route53:ListHostedZones\"],\"Effect\":\"Allow\",\"Resource\":\"*\",\"Sid\":\"\"}],\"Version\":\"2012-10-17\"}",
            "policy_id": "ANPASPAP2IQFRYOGRX3NB",
            "tags": {
              "Environment": "dev",
              "ManagedByTerraform": "true"
            },
            "tags_all": {
              "Environment": "dev",
              "ManagedByTerraform": "true"
            }
          },
          "sensitive_attributes": []
        }
      ]
    },
    {
      "mode": "managed",
      "type": "aws_iam_policy",
      "name": "test_eks_pr_1337_posthog_dev_worker_autoscaling20230317170455001400000032",
      "provider": "provider[\"registry.terraform.io/hashicorp/aws\"]",
      "instances": [
        {
          "schema_version": 0,
          "attributes": {
            "arn": "arn:aws:iam::169684386827:policy/test-eks-pr-1337-posthog-dev-worker-autoscaling20230317170455001400000032",
            "description": "EKS worker node autoscaling policy for cluster test-eks-pr-1337-posthog-dev",
            "id": "arn:aws:iam::169684386827:policy/test-eks-pr-1337-posthog-dev-worker-autoscaling20230317170455001400000032",
            "name": "test-eks-pr-1337-posthog-dev-worker-autoscaling20230317170455001400000032",
            "name_prefix": "test-eks-pr-1337-posthog-dev-worker-autoscaling",
            "path": "/",
            "policy": "{\"Statement\":[{\"Action\":[\"ec2:DescribeLaunchTemplateVersions\",\"ec2:DescribeInstanceTypes\",\"autoscaling:DescribeTags\",\"autoscaling:DescribeLaunchConfigurations\",\"autoscaling:DescribeAutoScalingInstances\",\"autoscaling:DescribeAutoScalingGroups\"],\"Effect\":\"Allow\",\"Resource\":\"*\",\"Sid\":\"eksWorkerAutoscalingAll\"},{\"Action\":[\"autoscaling:UpdateAutoScalingGroup\",\"autoscaling:TerminateInstanceInAutoScalingGroup\",\"autoscaling:SetDesiredCapacity\"],\"Condition\":{\"StringEquals\":{\"autoscaling:ResourceTag/k8s.io/cluster-autoscaler/enabled\":\"true\",\"autoscaling:ResourceTag/kubernetes.io/cluster/test-eks-pr-1337-posthog-dev\":\"owned\"}},\"Effect\":\"Allow\",\"Resource\":\"*\",\"Sid\":\"eksWorkerAutoscalingOwn\"}],\"Version\":\"2012-10-17\"}",
            "policy_id": "ANPASPAP2IQF72IBBEDY4",
            "tags": {
              "Environment": "dev",
              "ManagedByTerraform": "true"
            },
            "tags_all": {
              "Environment": "dev",
              "ManagedByTerraform": "true"
            }
          },
          "sensitive_attributes": []
        }
      ]
    },
    {
      "mode": "managed",
      "type": "aws_iam_policy",
      "name": "test_eks_pr_1376_posthog_dev_AWSLoadBalancerControllerGlobalIAMPolicy",
      "provider": "provider[\"registry.terraform.io/hashicorp/aws\"]",
      "instances": [
        {
          "schema_version": 0,
          "attributes": {
            "arn": "arn:aws:iam::169684386827:policy/service/test-eks-pr-1376-posthog-dev/test-eks-pr-1376-posthog-dev-AWSLoadBalancerControllerGlobalIAMPolicy",
            "description": "Policy to allow aws-load-balancer-controller to list target groups and their health",
            "id": "arn:aws:iam::169684386827:policy/service/test-eks-pr-1376-posthog-dev/test-eks-pr-1376-posthog-dev-AWSLoadBalancerControllerGlobalIAMPolicy",
            "name": "test-eks-pr-1376-posthog-dev-AWSLoadBalancerControllerGlobalIAMPolicy",
            "name_prefix": "",
            "path": "/service/test-eks-pr-1376-posthog-dev/",
            "policy": "{\"Statement\":[{\"Action\":[\"iam:CreateServiceLinkedRole\",\"ec2:DescribeAccountAttributes\",\"ec2:DescribeAddresses\",\"ec2:DescribeAvailabilityZones\",\"ec2:DescribeInternetGateways\",\"ec2:DescribeVpcs\",\"ec2:DescribeSubnets\",\"ec2:DescribeSecurityGroups\",\"ec2:DescribeInstances\",\"ec2:DescribeNetworkInterfaces\",\"ec2:DescribeTags\",\"ec2:GetCoipPoolUsage\",\"ec2:DescribeCoipPools\",\"elasticloadbalancing:DescribeLoadBalancers\",\"elasticloadbalancing:DescribeLoadBalancerAttributes\",\"elasticloadbalancing:DescribeListeners\",\"elasticloadbalancing:DescribeListenerCertificates\",\"elasticloadbalancing:DescribeSSLPolicies\",\"elasticloadbalancing:DescribeRules\",\"elasticloadbalancing:DescribeTargetGroups\",\"elasticloadbalancing:DescribeTargetGroupAttributes\",\"elasticloadbalancing:DescribeTargetHealth\",\"elasticloadbalancing:DescribeTags\"],\"Effect\":\"Allow\",\"Resource\":\"*\"},{\"Action\":[\"cognito-idp:DescribeUserPoolClient\",\"acm:ListCertificates\",\"acm:DescribeCertificate\",\"iam:ListServerCertificates\",\"iam:GetServerCertificate\",\"waf-regional:GetWebACL\",\"waf-regional:GetWebACLForResource\",\"waf-regional:AssociateWebACL\",\"waf-regional:DisassociateWebACL\",\"wafv2:GetWebACL\",\"wafv2:GetWebACLForResource\",\"wafv2:AssociateWebACL\",\"wafv2:DisassociateWebACL\",\"shield:GetSubscriptionState\",\"shield:DescribeProtection\",\"shield:CreateProtection\",\"shield:DeleteProtection\"],\"Effect\":\"Allow\",\"Resource\":\"*\"},{\"Action\":[\"ec2:AuthorizeSecurityGroupIngress\",\"ec2:RevokeSecurityGroupIngress\"],\"Effect\":\"Allow\",\"Resource\":\"*\"},{\"Action\":[\"ec2:CreateSecurityGroup\"],\"Effect\":\"Allow\",\"Resource\":\"*\"},{\"Action\":[\"ec2:CreateTags\"],\"Condition\":{\"Null\":{\"aws:RequestTag/elbv2.k8s.aws/cluster\":\"false\"},\"StringEquals\":{\"ec2:CreateAction\":\"CreateSecurityGroup\"}},\"Effect\":\"Allow\",\"Resource\":\"arn:aws:ec2:*:*:security-group/*\"},{\"Action\":[\"ec2:CreateTags\",\"ec2:DeleteTags\"],\"Condition\":{\"Null\":{\"aws:RequestTag/elbv2.k8s.aws/cluster\":\"true\",\"aws:ResourceTag/elbv2.k8s.aws/cluster\":\"false\"}},\"Effect\":\"Allow\",\"Resource\":\"arn:aws:ec2:*:*:security-group/*\"},{\"Action\":[\"ec2:AuthorizeSecurityGroupIngress\",\"ec2:RevokeSecurityGroupIngress\",\"ec2:DeleteSecurityGroup\"],\"Condition\":{\"Null\":{\"aws:ResourceTag/elbv2.k8s.aws/cluster\":\"false\"}},\"Effect\":\"Allow\",\"Resource\":\"*\"},{\"Action\":[\"elasticloadbalancing:CreateLoadBalancer\",\"elasticloadbalancing:CreateTargetGroup\"],\"Condition\":{\"Null\":{\"aws:RequestTag/elbv2.k8s.aws/cluster\":\"false\"}},\"Effect\":\"Allow\",\"Resource\":\"*\"},{\"Action\":[\"elasticloadbalancing:CreateListener\",\"elasticloadbalancing:DeleteListener\",\"elasticloadbalancing:CreateRule\",\"elasticloadbalancing:DeleteRule\"],\"Effect\":\"Allow\",\"Resource\":\"*\"},{\"Action\":[\"elasticloadbalancing:AddTags\",\"elasticloadbalancing:RemoveTags\"],\"Condition\":{\"Null\":{\"aws:RequestTag/elbv2.k8s.aws/cluster\":\"true\",\"aws:ResourceTag/elbv2.k8s.aws/cluster\":\"false\"}},\"Effect\":\"Allow\",\"Resource\":[\"arn:aws:elasticloadbalancing:*:*:targetgroup/*/*\",\"arn:aws:elasticloadbalancing:*:*:loadbalancer/net/*/*\",\"arn:aws:elasticloadbalancing:*:*:loadbalancer/app/*/*\"]},{\"Action\":[\"elasticloadbalancing:AddTags\",\"elasticloadbalancing:RemoveTags\"],\"Effect\":\"Allow\",\"Resource\":[\"arn:aws:elasticloadbalancing:*:*:listener/net/*/*/*\",\"arn:aws:elasticloadbalancing:*:*:listener/app/*/*/*\",\"arn:aws:elasticloadbalancing:*:*:listener-rule/net/*/*/*\",\"arn:aws:elasticloadbalancing:*:*:listener-rule/app/*/*/*\"]},{\"Action\":[\"elasticloadbalancing:ModifyLoadBalancerAttributes\",\"elasticloadbalancing:SetIpAddressType\",\"elasticloadbalancing:SetSecurityGroups\",\"elasticloadbalancing:SetSubnets\",\"elasticloadbalancing:DeleteLoadBalancer\",\"elasticloadbalancing:ModifyTargetGroup\",\"elasticloadbalancing:ModifyTargetGroupAttributes\",\"elasticloadbalancing:DeleteTargetGroup\"],\"Condition\":{\"Null\":{\"aws:ResourceTag/elbv2.k8s.aws/cluster\":\"false\"}},\"Effect\":\"Allow\",\"Resource\":\"*\"},{\"Action\":[\"elasticloadbalancing:RegisterTargets\",\"elasticloadbalancing:DeregisterTargets\"],\"Effect\":\"Allow\",\"Resource\":\"arn:aws:elasticloadbalancing:*:*:targetgroup/*/*\"},{\"Action\":[\"elasticloadbalancing:SetWebAcl\",\"elasticloadbalancing:ModifyListener\",\"elasticloadbalancing:AddListenerCertificates\",\"elasticloadbalancing:RemoveListenerCertificates\",\"elasticloadbalancing:ModifyRule\"],\"Effect\":\"Allow\",\"Resource\":\"*\"}],\"Version\":\"2012-10-17\"}",
            "policy_id": "ANPASPAP2IQFZHSPITBEI",
            "tags": {
              "Environment": "dev",
              "ManagedByTerraform": "true"
            },
            "tags_all": {
              "Environment": "dev",
              "ManagedByTerraform": "true"
            }
          },
          "sensitive_attributes": []
        }
      ]
    },
    {
      "mode": "managed",
      "type": "aws_iam_policy",
      "name": "test_eks_pr_1376_posthog_dev_ebs_csi_driver2023032410531351490000002a",
      "provider": "provider[\"registry.terraform.io/hashicorp/aws\"]",
      "instances": [
        {
          "schema_version": 0,
          "attributes": {
            "arn": "arn:aws:iam::169684386827:policy/test-eks-pr-1376-posthog-dev-ebs-csi-driver2023032410531351490000002a",
            "description": "Policy for AWS EBS CSI Driver",
            "id": "arn:aws:iam::169684386827:policy/test-eks-pr-1376-posthog-dev-ebs-csi-driver2023032410531351490000002a",
            "name": "test-eks-pr-1376-posthog-dev-ebs-csi-driver2023032410531351490000002a",
            "name_prefix": "test-eks-pr-1376-posthog-dev-ebs-csi-driver",
            "path": "/",
            "policy": "{\"Statement\":[{\"Action\":[\"kms:RevokeGrant\",\"kms:ListGrants\",\"kms:CreateGrant\"],\"Condition\":{\"Bool\":{\"kms:GrantIsForAWSResource\":\"true\"}},\"Effect\":\"Allow\",\"Resource\":\"*\",\"Sid\":\"\"},{\"Action\":[\"kms:ReEncrypt*\",\"kms:GenerateDataKey*\",\"kms:Encrypt\",\"kms:DescribeKey\",\"kms:Decrypt\"],\"Effect\":\"Allow\",\"Resource\":\"*\",\"Sid\":\"\"}],\"Version\":\"2012-10-17\"}",
            "policy_id": "ANPASPAP2IQF56BFIMENK",
            "tags": {
              "Environment": "dev",
              "ManagedByTerraform": "true"
            },
            "tags_all": {
              "Environment": "dev",
              "ManagedByTerraform": "true"
            }
          },
          "sensitive_attributes": []
        }
      ]
    },
    {
      "mode": "managed",
      "type": "aws_iam_policy",
      "name": "test_eks_pr_1376_posthog_dev_external_dns20230324105313831500000039",
      "provider": "provider[\"registry.terraform.io/hashicorp/aws\"]",
      "instances": [
        {
          "schema_version": 0,
          "attributes": {
            "arn": "arn:aws:iam::169684386827:policy/test-eks-pr-1376-posthog-dev-external-dns20230324105313831500000039",
            "description": "Route53 access policy for cluster test-eks-pr-1376-posthog-dev",
            "id": "arn:aws:iam::169684386827:policy/test-eks-pr-1376-posthog-dev-external-dns20230324105313831500000039",
            "name": "test-eks-pr-1376-posthog-dev-external-dns20230324105313831500000039",
            "name_prefix": "test-eks-pr-1376-posthog-dev-external-dns",
            "path": "/",
            "policy": "{\"Statement\":[{\"Action\":\"route53:ChangeResourceRecordSets\",\"Effect\":\"Allow\",\"Resource\":\"arn:aws:route53:::hostedzone/Z043900936DZ9G8H9I247\",\"Sid\":\"\"},{\"Action\":[\"route53:ListResourceRecordSets\",\"route53:ListHostedZones\"],\"Effect\":\"Allow\",\"Resource\":\"*\",\"Sid\":\"\"}],\"Version\":\"2012-10-17\"}",
            "policy_id": "ANPASPAP2IQFQIAHTU5TV",
            "tags": {
              "Environment": "dev",
              "ManagedByTerraform": "true"
            },
            "tags_all": {
              "Environment": "dev",
              "ManagedByTerraform": "true"
            }
          },
          "sensitive_attributes": []
        }
      ]
    },
    {
      "mode": "managed",
      "type": "aws_iam_policy",
      "name": "test_eks_pr_1376_posthog_dev_worker_autoscaling2023032410531417930000003a",
      "provider": "provider[\"registry.terraform.io/hashicorp/aws\"]",
      "instances": [
        {
          "schema_version": 0,
          "attributes": {
            "arn": "arn:aws:iam::169684386827:policy/test-eks-pr-1376-posthog-dev-worker-autoscaling2023032410531417930000003a",
            "description": "EKS worker node autoscaling policy for cluster test-eks-pr-1376-posthog-dev",
            "id": "arn:aws:iam::169684386827:policy/test-eks-pr-1376-posthog-dev-worker-autoscaling2023032410531417930000003a",
            "name": "test-eks-pr-1376-posthog-dev-worker-autoscaling2023032410531417930000003a",
            "name_prefix": "test-eks-pr-1376-posthog-dev-worker-autoscaling",
            "path": "/",
            "policy": "{\"Statement\":[{\"Action\":[\"ec2:DescribeLaunchTemplateVersions\",\"ec2:DescribeInstanceTypes\",\"autoscaling:DescribeTags\",\"autoscaling:DescribeLaunchConfigurations\",\"autoscaling:DescribeAutoScalingInstances\",\"autoscaling:DescribeAutoScalingGroups\"],\"Effect\":\"Allow\",\"Resource\":\"*\",\"Sid\":\"eksWorkerAutoscalingAll\"},{\"Action\":[\"autoscaling:UpdateAutoScalingGroup\",\"autoscaling:TerminateInstanceInAutoScalingGroup\",\"autoscaling:SetDesiredCapacity\"],\"Condition\":{\"StringEquals\":{\"autoscaling:ResourceTag/k8s.io/cluster-autoscaler/enabled\":\"true\",\"autoscaling:ResourceTag/kubernetes.io/cluster/test-eks-pr-1376-posthog-dev\":\"owned\"}},\"Effect\":\"Allow\",\"Resource\":\"*\",\"Sid\":\"eksWorkerAutoscalingOwn\"}],\"Version\":\"2012-10-17\"}",
            "policy_id": "ANPASPAP2IQF77JFGWYVQ",
            "tags": {
              "Environment": "dev",
              "ManagedByTerraform": "true"
            },
            "tags_all": {
              "Environment": "dev",
              "ManagedByTerraform": "true"
            }
          },
          "sensitive_attributes": []
        }
      ]
    },
    {
      "mode": "managed",
      "type": "aws_iam_policy",
      "name": "test_eks_pr_1377_posthog_dev_AWSLoadBalancerControllerGlobalIAMPolicy",
      "provider": "provider[\"registry.terraform.io/hashicorp/aws\"]",
      "instances": [
        {
          "schema_version": 0,
          "attributes": {
            "arn": "arn:aws:iam::169684386827:policy/service/test-eks-pr-1377-posthog-dev/test-eks-pr-1377-posthog-dev-AWSLoadBalancerControllerGlobalIAMPolicy",
            "description": "Policy to allow aws-load-balancer-controller to list target groups and their health",
            "id": "arn:aws:iam::169684386827:policy/service/test-eks-pr-1377-posthog-dev/test-eks-pr-1377-posthog-dev-AWSLoadBalancerControllerGlobalIAMPolicy",
            "name": "test-eks-pr-1377-posthog-dev-AWSLoadBalancerControllerGlobalIAMPolicy",
            "name_prefix": "",
            "path": "/service/test-eks-pr-1377-posthog-dev/",
            "policy": "{\"Statement\":[{\"Action\":[\"iam:CreateServiceLinkedRole\",\"ec2:DescribeAccountAttributes\",\"ec2:DescribeAddresses\",\"ec2:DescribeAvailabilityZones\",\"ec2:DescribeInternetGateways\",\"ec2:DescribeVpcs\",\"ec2:DescribeSubnets\",\"ec2:DescribeSecurityGroups\",\"ec2:DescribeInstances\",\"ec2:DescribeNetworkInterfaces\",\"ec2:DescribeTags\",\"ec2:GetCoipPoolUsage\",\"ec2:DescribeCoipPools\",\"elasticloadbalancing:DescribeLoadBalancers\",\"elasticloadbalancing:DescribeLoadBalancerAttributes\",\"elasticloadbalancing:DescribeListeners\",\"elasticloadbalancing:DescribeListenerCertificates\",\"elasticloadbalancing:DescribeSSLPolicies\",\"elasticloadbalancing:DescribeRules\",\"elasticloadbalancing:DescribeTargetGroups\",\"elasticloadbalancing:DescribeTargetGroupAttributes\",\"elasticloadbalancing:DescribeTargetHealth\",\"elasticloadbalancing:DescribeTags\"],\"Effect\":\"Allow\",\"Resource\":\"*\"},{\"Action\":[\"cognito-idp:DescribeUserPoolClient\",\"acm:ListCertificates\",\"acm:DescribeCertificate\",\"iam:ListServerCertificates\",\"iam:GetServerCertificate\",\"waf-regional:GetWebACL\",\"waf-regional:GetWebACLForResource\",\"waf-regional:AssociateWebACL\",\"waf-regional:DisassociateWebACL\",\"wafv2:GetWebACL\",\"wafv2:GetWebACLForResource\",\"wafv2:AssociateWebACL\",\"wafv2:DisassociateWebACL\",\"shield:GetSubscriptionState\",\"shield:DescribeProtection\",\"shield:CreateProtection\",\"shield:DeleteProtection\"],\"Effect\":\"Allow\",\"Resource\":\"*\"},{\"Action\":[\"ec2:AuthorizeSecurityGroupIngress\",\"ec2:RevokeSecurityGroupIngress\"],\"Effect\":\"Allow\",\"Resource\":\"*\"},{\"Action\":[\"ec2:CreateSecurityGroup\"],\"Effect\":\"Allow\",\"Resource\":\"*\"},{\"Action\":[\"ec2:CreateTags\"],\"Condition\":{\"Null\":{\"aws:RequestTag/elbv2.k8s.aws/cluster\":\"false\"},\"StringEquals\":{\"ec2:CreateAction\":\"CreateSecurityGroup\"}},\"Effect\":\"Allow\",\"Resource\":\"arn:aws:ec2:*:*:security-group/*\"},{\"Action\":[\"ec2:CreateTags\",\"ec2:DeleteTags\"],\"Condition\":{\"Null\":{\"aws:RequestTag/elbv2.k8s.aws/cluster\":\"true\",\"aws:ResourceTag/elbv2.k8s.aws/cluster\":\"false\"}},\"Effect\":\"Allow\",\"Resource\":\"arn:aws:ec2:*:*:security-group/*\"},{\"Action\":[\"ec2:AuthorizeSecurityGroupIngress\",\"ec2:RevokeSecurityGroupIngress\",\"ec2:DeleteSecurityGroup\"],\"Condition\":{\"Null\":{\"aws:ResourceTag/elbv2.k8s.aws/cluster\":\"false\"}},\"Effect\":\"Allow\",\"Resource\":\"*\"},{\"Action\":[\"elasticloadbalancing:CreateLoadBalancer\",\"elasticloadbalancing:CreateTargetGroup\"],\"Condition\":{\"Null\":{\"aws:RequestTag/elbv2.k8s.aws/cluster\":\"false\"}},\"Effect\":\"Allow\",\"Resource\":\"*\"},{\"Action\":[\"elasticloadbalancing:CreateListener\",\"elasticloadbalancing:DeleteListener\",\"elasticloadbalancing:CreateRule\",\"elasticloadbalancing:DeleteRule\"],\"Effect\":\"Allow\",\"Resource\":\"*\"},{\"Action\":[\"elasticloadbalancing:AddTags\",\"elasticloadbalancing:RemoveTags\"],\"Condition\":{\"Null\":{\"aws:RequestTag/elbv2.k8s.aws/cluster\":\"true\",\"aws:ResourceTag/elbv2.k8s.aws/cluster\":\"false\"}},\"Effect\":\"Allow\",\"Resource\":[\"arn:aws:elasticloadbalancing:*:*:targetgroup/*/*\",\"arn:aws:elasticloadbalancing:*:*:loadbalancer/net/*/*\",\"arn:aws:elasticloadbalancing:*:*:loadbalancer/app/*/*\"]},{\"Action\":[\"elasticloadbalancing:AddTags\",\"elasticloadbalancing:RemoveTags\"],\"Effect\":\"Allow\",\"Resource\":[\"arn:aws:elasticloadbalancing:*:*:listener/net/*/*/*\",\"arn:aws:elasticloadbalancing:*:*:listener/app/*/*/*\",\"arn:aws:elasticloadbalancing:*:*:listener-rule/net/*/*/*\",\"arn:aws:elasticloadbalancing:*:*:listener-rule/app/*/*/*\"]},{\"Action\":[\"elasticloadbalancing:ModifyLoadBalancerAttributes\",\"elasticloadbalancing:SetIpAddressType\",\"elasticloadbalancing:SetSecurityGroups\",\"elasticloadbalancing:SetSubnets\",\"elasticloadbalancing:DeleteLoadBalancer\",\"elasticloadbalancing:ModifyTargetGroup\",\"elasticloadbalancing:ModifyTargetGroupAttributes\",\"elasticloadbalancing:DeleteTargetGroup\"],\"Condition\":{\"Null\":{\"aws:ResourceTag/elbv2.k8s.aws/cluster\":\"false\"}},\"Effect\":\"Allow\",\"Resource\":\"*\"},{\"Action\":[\"elasticloadbalancing:RegisterTargets\",\"elasticloadbalancing:DeregisterTargets\"],\"Effect\":\"Allow\",\"Resource\":\"arn:aws:elasticloadbalancing:*:*:targetgroup/*/*\"},{\"Action\":[\"elasticloadbalancing:SetWebAcl\",\"elasticloadbalancing:ModifyListener\",\"elasticloadbalancing:AddListenerCertificates\",\"elasticloadbalancing:RemoveListenerCertificates\",\"elasticloadbalancing:ModifyRule\"],\"Effect\":\"Allow\",\"Resource\":\"*\"}],\"Version\":\"2012-10-17\"}",
            "policy_id": "ANPASPAP2IQFXHLV56WPZ",
            "tags": {
              "Environment": "dev",
              "ManagedByTerraform": "true"
            },
            "tags_all": {
              "Environment": "dev",
              "ManagedByTerraform": "true"
            }
          },
          "sensitive_attributes": []
        }
      ]
    },
    {
      "mode": "managed",
      "type": "aws_iam_policy",
      "name": "test_eks_pr_1377_posthog_dev_ebs_csi_driver2023040312044958890000002a",
      "provider": "provider[\"registry.terraform.io/hashicorp/aws\"]",
      "instances": [
        {
          "schema_version": 0,
          "attributes": {
            "arn": "arn:aws:iam::169684386827:policy/test-eks-pr-1377-posthog-dev-ebs-csi-driver2023040312044958890000002a",
            "description": "Policy for AWS EBS CSI Driver",
            "id": "arn:aws:iam::169684386827:policy/test-eks-pr-1377-posthog-dev-ebs-csi-driver2023040312044958890000002a",
            "name": "test-eks-pr-1377-posthog-dev-ebs-csi-driver2023040312044958890000002a",
            "name_prefix": "test-eks-pr-1377-posthog-dev-ebs-csi-driver",
            "path": "/",
            "policy": "{\"Statement\":[{\"Action\":[\"kms:RevokeGrant\",\"kms:ListGrants\",\"kms:CreateGrant\"],\"Condition\":{\"Bool\":{\"kms:GrantIsForAWSResource\":\"true\"}},\"Effect\":\"Allow\",\"Resource\":\"*\",\"Sid\":\"\"},{\"Action\":[\"kms:ReEncrypt*\",\"kms:GenerateDataKey*\",\"kms:Encrypt\",\"kms:DescribeKey\",\"kms:Decrypt\"],\"Effect\":\"Allow\",\"Resource\":\"*\",\"Sid\":\"\"}],\"Version\":\"2012-10-17\"}",
            "policy_id": "ANPASPAP2IQFRROOTPMJT",
            "tags": {
              "Environment": "dev",
              "ManagedByTerraform": "true"
            },
            "tags_all": {
              "Environment": "dev",
              "ManagedByTerraform": "true"
            }
          },
          "sensitive_attributes": []
        }
      ]
    },
    {
      "mode": "managed",
      "type": "aws_iam_policy",
      "name": "test_eks_pr_1377_posthog_dev_external_dns20230403120450150300000039",
      "provider": "provider[\"registry.terraform.io/hashicorp/aws\"]",
      "instances": [
        {
          "schema_version": 0,
          "attributes": {
            "arn": "arn:aws:iam::169684386827:policy/test-eks-pr-1377-posthog-dev-external-dns20230403120450150300000039",
            "description": "Route53 access policy for cluster test-eks-pr-1377-posthog-dev",
            "id": "arn:aws:iam::169684386827:policy/test-eks-pr-1377-posthog-dev-external-dns20230403120450150300000039",
            "name": "test-eks-pr-1377-posthog-dev-external-dns20230403120450150300000039",
            "name_prefix": "test-eks-pr-1377-posthog-dev-external-dns",
            "path": "/",
            "policy": "{\"Statement\":[{\"Action\":\"route53:ChangeResourceRecordSets\",\"Effect\":\"Allow\",\"Resource\":\"arn:aws:route53:::hostedzone/Z043900936DZ9G8H9I247\",\"Sid\":\"\"},{\"Action\":[\"route53:ListResourceRecordSets\",\"route53:ListHostedZones\"],\"Effect\":\"Allow\",\"Resource\":\"*\",\"Sid\":\"\"}],\"Version\":\"2012-10-17\"}",
            "policy_id": "ANPASPAP2IQF6TLL445DA",
            "tags": {
              "Environment": "dev",
              "ManagedByTerraform": "true"
            },
            "tags_all": {
              "Environment": "dev",
              "ManagedByTerraform": "true"
            }
          },
          "sensitive_attributes": []
        }
      ]
    },
    {
      "mode": "managed",
      "type": "aws_iam_policy",
      "name": "test_eks_pr_1377_posthog_dev_worker_autoscaling2023040312045036110000003a",
      "provider": "provider[\"registry.terraform.io/hashicorp/aws\"]",
      "instances": [
        {
          "schema_version": 0,
          "attributes": {
            "arn": "arn:aws:iam::169684386827:policy/test-eks-pr-1377-posthog-dev-worker-autoscaling2023040312045036110000003a",
            "description": "EKS worker node autoscaling policy for cluster test-eks-pr-1377-posthog-dev",
            "id": "arn:aws:iam::169684386827:policy/test-eks-pr-1377-posthog-dev-worker-autoscaling2023040312045036110000003a",
            "name": "test-eks-pr-1377-posthog-dev-worker-autoscaling2023040312045036110000003a",
            "name_prefix": "test-eks-pr-1377-posthog-dev-worker-autoscaling",
            "path": "/",
            "policy": "{\"Statement\":[{\"Action\":[\"ec2:DescribeLaunchTemplateVersions\",\"ec2:DescribeInstanceTypes\",\"autoscaling:DescribeTags\",\"autoscaling:DescribeLaunchConfigurations\",\"autoscaling:DescribeAutoScalingInstances\",\"autoscaling:DescribeAutoScalingGroups\"],\"Effect\":\"Allow\",\"Resource\":\"*\",\"Sid\":\"eksWorkerAutoscalingAll\"},{\"Action\":[\"autoscaling:UpdateAutoScalingGroup\",\"autoscaling:TerminateInstanceInAutoScalingGroup\",\"autoscaling:SetDesiredCapacity\"],\"Condition\":{\"StringEquals\":{\"autoscaling:ResourceTag/k8s.io/cluster-autoscaler/enabled\":\"true\",\"autoscaling:ResourceTag/kubernetes.io/cluster/test-eks-pr-1377-posthog-dev\":\"owned\"}},\"Effect\":\"Allow\",\"Resource\":\"*\",\"Sid\":\"eksWorkerAutoscalingOwn\"}],\"Version\":\"2012-10-17\"}",
            "policy_id": "ANPASPAP2IQF3WQGRVYFT",
            "tags": {
              "Environment": "dev",
              "ManagedByTerraform": "true"
            },
            "tags_all": {
              "Environment": "dev",
              "ManagedByTerraform": "true"
            }
          },
          "sensitive_attributes": []
        }
      ]
    },
    {
      "mode": "managed",
      "type": "aws_iam_policy",
      "name": "test_eks_pr_1379_posthog_dev_AWSLoadBalancerControllerGlobalIAMPolicy",
      "provider": "provider[\"registry.terraform.io/hashicorp/aws\"]",
      "instances": [
        {
          "schema_version": 0,
          "attributes": {
            "arn": "arn:aws:iam::169684386827:policy/service/test-eks-pr-1379-posthog-dev/test-eks-pr-1379-posthog-dev-AWSLoadBalancerControllerGlobalIAMPolicy",
            "description": "Policy to allow aws-load-balancer-controller to list target groups and their health",
            "id": "arn:aws:iam::169684386827:policy/service/test-eks-pr-1379-posthog-dev/test-eks-pr-1379-posthog-dev-AWSLoadBalancerControllerGlobalIAMPolicy",
            "name": "test-eks-pr-1379-posthog-dev-AWSLoadBalancerControllerGlobalIAMPolicy",
            "name_prefix": "",
            "path": "/service/test-eks-pr-1379-posthog-dev/",
            "policy": "{\"Statement\":[{\"Action\":[\"iam:CreateServiceLinkedRole\",\"ec2:DescribeAccountAttributes\",\"ec2:DescribeAddresses\",\"ec2:DescribeAvailabilityZones\",\"ec2:DescribeInternetGateways\",\"ec2:DescribeVpcs\",\"ec2:DescribeSubnets\",\"ec2:DescribeSecurityGroups\",\"ec2:DescribeInstances\",\"ec2:DescribeNetworkInterfaces\",\"ec2:DescribeTags\",\"ec2:GetCoipPoolUsage\",\"ec2:DescribeCoipPools\",\"elasticloadbalancing:DescribeLoadBalancers\",\"elasticloadbalancing:DescribeLoadBalancerAttributes\",\"elasticloadbalancing:DescribeListeners\",\"elasticloadbalancing:DescribeListenerCertificates\",\"elasticloadbalancing:DescribeSSLPolicies\",\"elasticloadbalancing:DescribeRules\",\"elasticloadbalancing:DescribeTargetGroups\",\"elasticloadbalancing:DescribeTargetGroupAttributes\",\"elasticloadbalancing:DescribeTargetHealth\",\"elasticloadbalancing:DescribeTags\"],\"Effect\":\"Allow\",\"Resource\":\"*\"},{\"Action\":[\"cognito-idp:DescribeUserPoolClient\",\"acm:ListCertificates\",\"acm:DescribeCertificate\",\"iam:ListServerCertificates\",\"iam:GetServerCertificate\",\"waf-regional:GetWebACL\",\"waf-regional:GetWebACLForResource\",\"waf-regional:AssociateWebACL\",\"waf-regional:DisassociateWebACL\",\"wafv2:GetWebACL\",\"wafv2:GetWebACLForResource\",\"wafv2:AssociateWebACL\",\"wafv2:DisassociateWebACL\",\"shield:GetSubscriptionState\",\"shield:DescribeProtection\",\"shield:CreateProtection\",\"shield:DeleteProtection\"],\"Effect\":\"Allow\",\"Resource\":\"*\"},{\"Action\":[\"ec2:AuthorizeSecurityGroupIngress\",\"ec2:RevokeSecurityGroupIngress\"],\"Effect\":\"Allow\",\"Resource\":\"*\"},{\"Action\":[\"ec2:CreateSecurityGroup\"],\"Effect\":\"Allow\",\"Resource\":\"*\"},{\"Action\":[\"ec2:CreateTags\"],\"Condition\":{\"Null\":{\"aws:RequestTag/elbv2.k8s.aws/cluster\":\"false\"},\"StringEquals\":{\"ec2:CreateAction\":\"CreateSecurityGroup\"}},\"Effect\":\"Allow\",\"Resource\":\"arn:aws:ec2:*:*:security-group/*\"},{\"Action\":[\"ec2:CreateTags\",\"ec2:DeleteTags\"],\"Condition\":{\"Null\":{\"aws:RequestTag/elbv2.k8s.aws/cluster\":\"true\",\"aws:ResourceTag/elbv2.k8s.aws/cluster\":\"false\"}},\"Effect\":\"Allow\",\"Resource\":\"arn:aws:ec2:*:*:security-group/*\"},{\"Action\":[\"ec2:AuthorizeSecurityGroupIngress\",\"ec2:RevokeSecurityGroupIngress\",\"ec2:DeleteSecurityGroup\"],\"Condition\":{\"Null\":{\"aws:ResourceTag/elbv2.k8s.aws/cluster\":\"false\"}},\"Effect\":\"Allow\",\"Resource\":\"*\"},{\"Action\":[\"elasticloadbalancing:CreateLoadBalancer\",\"elasticloadbalancing:CreateTargetGroup\"],\"Condition\":{\"Null\":{\"aws:RequestTag/elbv2.k8s.aws/cluster\":\"false\"}},\"Effect\":\"Allow\",\"Resource\":\"*\"},{\"Action\":[\"elasticloadbalancing:CreateListener\",\"elasticloadbalancing:DeleteListener\",\"elasticloadbalancing:CreateRule\",\"elasticloadbalancing:DeleteRule\"],\"Effect\":\"Allow\",\"Resource\":\"*\"},{\"Action\":[\"elasticloadbalancing:AddTags\",\"elasticloadbalancing:RemoveTags\"],\"Condition\":{\"Null\":{\"aws:RequestTag/elbv2.k8s.aws/cluster\":\"true\",\"aws:ResourceTag/elbv2.k8s.aws/cluster\":\"false\"}},\"Effect\":\"Allow\",\"Resource\":[\"arn:aws:elasticloadbalancing:*:*:targetgroup/*/*\",\"arn:aws:elasticloadbalancing:*:*:loadbalancer/net/*/*\",\"arn:aws:elasticloadbalancing:*:*:loadbalancer/app/*/*\"]},{\"Action\":[\"elasticloadbalancing:AddTags\",\"elasticloadbalancing:RemoveTags\"],\"Effect\":\"Allow\",\"Resource\":[\"arn:aws:elasticloadbalancing:*:*:listener/net/*/*/*\",\"arn:aws:elasticloadbalancing:*:*:listener/app/*/*/*\",\"arn:aws:elasticloadbalancing:*:*:listener-rule/net/*/*/*\",\"arn:aws:elasticloadbalancing:*:*:listener-rule/app/*/*/*\"]},{\"Action\":[\"elasticloadbalancing:ModifyLoadBalancerAttributes\",\"elasticloadbalancing:SetIpAddressType\",\"elasticloadbalancing:SetSecurityGroups\",\"elasticloadbalancing:SetSubnets\",\"elasticloadbalancing:DeleteLoadBalancer\",\"elasticloadbalancing:ModifyTargetGroup\",\"elasticloadbalancing:ModifyTargetGroupAttributes\",\"elasticloadbalancing:DeleteTargetGroup\"],\"Condition\":{\"Null\":{\"aws:ResourceTag/elbv2.k8s.aws/cluster\":\"false\"}},\"Effect\":\"Allow\",\"Resource\":\"*\"},{\"Action\":[\"elasticloadbalancing:RegisterTargets\",\"elasticloadbalancing:DeregisterTargets\"],\"Effect\":\"Allow\",\"Resource\":\"arn:aws:elasticloadbalancing:*:*:targetgroup/*/*\"},{\"Action\":[\"elasticloadbalancing:SetWebAcl\",\"elasticloadbalancing:ModifyListener\",\"elasticloadbalancing:AddListenerCertificates\",\"elasticloadbalancing:RemoveListenerCertificates\",\"elasticloadbalancing:ModifyRule\"],\"Effect\":\"Allow\",\"Resource\":\"*\"}],\"Version\":\"2012-10-17\"}",
            "policy_id": "ANPASPAP2IQFWNFLRUFLA",
            "tags": {
              "Environment": "dev",
              "ManagedByTerraform": "true"
            },
            "tags_all": {
              "Environment": "dev",
              "ManagedByTerraform": "true"
            }
          },
          "sensitive_attributes": []
        }
      ]
    },
    {
      "mode": "managed",
      "type": "aws_iam_policy",
      "name": "test_eks_pr_1379_posthog_dev_ebs_csi_driver2023032411565116420000002a",
      "provider": "provider[\"registry.terraform.io/hashicorp/aws\"]",
      "instances": [
        {
          "schema_version": 0,
          "attributes": {
            "arn": "arn:aws:iam::169684386827:policy/test-eks-pr-1379-posthog-dev-ebs-csi-driver2023032411565116420000002a",
            "description": "Policy for AWS EBS CSI Driver",
            "id": "arn:aws:iam::169684386827:policy/test-eks-pr-1379-posthog-dev-ebs-csi-driver2023032411565116420000002a",
            "name": "test-eks-pr-1379-posthog-dev-ebs-csi-driver2023032411565116420000002a",
            "name_prefix": "test-eks-pr-1379-posthog-dev-ebs-csi-driver",
            "path": "/",
            "policy": "{\"Statement\":[{\"Action\":[\"kms:RevokeGrant\",\"kms:ListGrants\",\"kms:CreateGrant\"],\"Condition\":{\"Bool\":{\"kms:GrantIsForAWSResource\":\"true\"}},\"Effect\":\"Allow\",\"Resource\":\"*\",\"Sid\":\"\"},{\"Action\":[\"kms:ReEncrypt*\",\"kms:GenerateDataKey*\",\"kms:Encrypt\",\"kms:DescribeKey\",\"kms:Decrypt\"],\"Effect\":\"Allow\",\"Resource\":\"*\",\"Sid\":\"\"}],\"Version\":\"2012-10-17\"}",
            "policy_id": "ANPASPAP2IQFZX4MWJIPT",
            "tags": {
              "Environment": "dev",
              "ManagedByTerraform": "true"
            },
            "tags_all": {
              "Environment": "dev",
              "ManagedByTerraform": "true"
            }
          },
          "sensitive_attributes": []
        }
      ]
    },
    {
      "mode": "managed",
      "type": "aws_iam_policy",
      "name": "test_eks_pr_1379_posthog_dev_external_dns20230324115651463500000039",
      "provider": "provider[\"registry.terraform.io/hashicorp/aws\"]",
      "instances": [
        {
          "schema_version": 0,
          "attributes": {
            "arn": "arn:aws:iam::169684386827:policy/test-eks-pr-1379-posthog-dev-external-dns20230324115651463500000039",
            "description": "Route53 access policy for cluster test-eks-pr-1379-posthog-dev",
            "id": "arn:aws:iam::169684386827:policy/test-eks-pr-1379-posthog-dev-external-dns20230324115651463500000039",
            "name": "test-eks-pr-1379-posthog-dev-external-dns20230324115651463500000039",
            "name_prefix": "test-eks-pr-1379-posthog-dev-external-dns",
            "path": "/",
            "policy": "{\"Statement\":[{\"Action\":\"route53:ChangeResourceRecordSets\",\"Effect\":\"Allow\",\"Resource\":\"arn:aws:route53:::hostedzone/Z043900936DZ9G8H9I247\",\"Sid\":\"\"},{\"Action\":[\"route53:ListResourceRecordSets\",\"route53:ListHostedZones\"],\"Effect\":\"Allow\",\"Resource\":\"*\",\"Sid\":\"\"}],\"Version\":\"2012-10-17\"}",
            "policy_id": "ANPASPAP2IQF5KRDVIKAD",
            "tags": {
              "Environment": "dev",
              "ManagedByTerraform": "true"
            },
            "tags_all": {
              "Environment": "dev",
              "ManagedByTerraform": "true"
            }
          },
          "sensitive_attributes": []
        }
      ]
    },
    {
      "mode": "managed",
      "type": "aws_iam_policy",
      "name": "test_eks_pr_1379_posthog_dev_worker_autoscaling2023032411565177690000003a",
      "provider": "provider[\"registry.terraform.io/hashicorp/aws\"]",
      "instances": [
        {
          "schema_version": 0,
          "attributes": {
            "arn": "arn:aws:iam::169684386827:policy/test-eks-pr-1379-posthog-dev-worker-autoscaling2023032411565177690000003a",
            "description": "EKS worker node autoscaling policy for cluster test-eks-pr-1379-posthog-dev",
            "id": "arn:aws:iam::169684386827:policy/test-eks-pr-1379-posthog-dev-worker-autoscaling2023032411565177690000003a",
            "name": "test-eks-pr-1379-posthog-dev-worker-autoscaling2023032411565177690000003a",
            "name_prefix": "test-eks-pr-1379-posthog-dev-worker-autoscaling",
            "path": "/",
            "policy": "{\"Statement\":[{\"Action\":[\"ec2:DescribeLaunchTemplateVersions\",\"ec2:DescribeInstanceTypes\",\"autoscaling:DescribeTags\",\"autoscaling:DescribeLaunchConfigurations\",\"autoscaling:DescribeAutoScalingInstances\",\"autoscaling:DescribeAutoScalingGroups\"],\"Effect\":\"Allow\",\"Resource\":\"*\",\"Sid\":\"eksWorkerAutoscalingAll\"},{\"Action\":[\"autoscaling:UpdateAutoScalingGroup\",\"autoscaling:TerminateInstanceInAutoScalingGroup\",\"autoscaling:SetDesiredCapacity\"],\"Condition\":{\"StringEquals\":{\"autoscaling:ResourceTag/k8s.io/cluster-autoscaler/enabled\":\"true\",\"autoscaling:ResourceTag/kubernetes.io/cluster/test-eks-pr-1379-posthog-dev\":\"owned\"}},\"Effect\":\"Allow\",\"Resource\":\"*\",\"Sid\":\"eksWorkerAutoscalingOwn\"}],\"Version\":\"2012-10-17\"}",
            "policy_id": "ANPASPAP2IQF6LDOHKIRY",
            "tags": {
              "Environment": "dev",
              "ManagedByTerraform": "true"
            },
            "tags_all": {
              "Environment": "dev",
              "ManagedByTerraform": "true"
            }
          },
          "sensitive_attributes": []
        }
      ]
    },
    {
      "mode": "managed",
      "type": "aws_iam_policy",
      "name": "test_eks_pr_193_posthog_dev_AWSLoadBalancerControllerGlobalIAMPolicy",
      "provider": "provider[\"registry.terraform.io/hashicorp/aws\"]",
      "instances": [
        {
          "schema_version": 0,
          "attributes": {
            "arn": "arn:aws:iam::169684386827:policy/service/test-eks-pr-193-posthog-dev/test-eks-pr-193-posthog-dev-AWSLoadBalancerControllerGlobalIAMPolicy",
            "description": "Policy to allow aws-load-balancer-controller to list target groups and their health",
            "id": "arn:aws:iam::169684386827:policy/service/test-eks-pr-193-posthog-dev/test-eks-pr-193-posthog-dev-AWSLoadBalancerControllerGlobalIAMPolicy",
            "name": "test-eks-pr-193-posthog-dev-AWSLoadBalancerControllerGlobalIAMPolicy",
            "name_prefix": "",
            "path": "/service/test-eks-pr-193-posthog-dev/",
            "policy": "{\"Statement\":[{\"Action\":[\"iam:CreateServiceLinkedRole\",\"ec2:DescribeAccountAttributes\",\"ec2:DescribeAddresses\",\"ec2:DescribeAvailabilityZones\",\"ec2:DescribeInternetGateways\",\"ec2:DescribeVpcs\",\"ec2:DescribeSubnets\",\"ec2:DescribeSecurityGroups\",\"ec2:DescribeInstances\",\"ec2:DescribeNetworkInterfaces\",\"ec2:DescribeTags\",\"ec2:GetCoipPoolUsage\",\"ec2:DescribeCoipPools\",\"elasticloadbalancing:DescribeLoadBalancers\",\"elasticloadbalancing:DescribeLoadBalancerAttributes\",\"elasticloadbalancing:DescribeListeners\",\"elasticloadbalancing:DescribeListenerCertificates\",\"elasticloadbalancing:DescribeSSLPolicies\",\"elasticloadbalancing:DescribeRules\",\"elasticloadbalancing:DescribeTargetGroups\",\"elasticloadbalancing:DescribeTargetGroupAttributes\",\"elasticloadbalancing:DescribeTargetHealth\",\"elasticloadbalancing:DescribeTags\"],\"Effect\":\"Allow\",\"Resource\":\"*\"},{\"Action\":[\"cognito-idp:DescribeUserPoolClient\",\"acm:ListCertificates\",\"acm:DescribeCertificate\",\"iam:ListServerCertificates\",\"iam:GetServerCertificate\",\"waf-regional:GetWebACL\",\"waf-regional:GetWebACLForResource\",\"waf-regional:AssociateWebACL\",\"waf-regional:DisassociateWebACL\",\"wafv2:GetWebACL\",\"wafv2:GetWebACLForResource\",\"wafv2:AssociateWebACL\",\"wafv2:DisassociateWebACL\",\"shield:GetSubscriptionState\",\"shield:DescribeProtection\",\"shield:CreateProtection\",\"shield:DeleteProtection\"],\"Effect\":\"Allow\",\"Resource\":\"*\"},{\"Action\":[\"ec2:AuthorizeSecurityGroupIngress\",\"ec2:RevokeSecurityGroupIngress\"],\"Effect\":\"Allow\",\"Resource\":\"*\"},{\"Action\":[\"ec2:CreateSecurityGroup\"],\"Effect\":\"Allow\",\"Resource\":\"*\"},{\"Action\":[\"ec2:CreateTags\"],\"Condition\":{\"Null\":{\"aws:RequestTag/elbv2.k8s.aws/cluster\":\"false\"},\"StringEquals\":{\"ec2:CreateAction\":\"CreateSecurityGroup\"}},\"Effect\":\"Allow\",\"Resource\":\"arn:aws:ec2:*:*:security-group/*\"},{\"Action\":[\"ec2:CreateTags\",\"ec2:DeleteTags\"],\"Condition\":{\"Null\":{\"aws:RequestTag/elbv2.k8s.aws/cluster\":\"true\",\"aws:ResourceTag/elbv2.k8s.aws/cluster\":\"false\"}},\"Effect\":\"Allow\",\"Resource\":\"arn:aws:ec2:*:*:security-group/*\"},{\"Action\":[\"ec2:AuthorizeSecurityGroupIngress\",\"ec2:RevokeSecurityGroupIngress\",\"ec2:DeleteSecurityGroup\"],\"Condition\":{\"Null\":{\"aws:ResourceTag/elbv2.k8s.aws/cluster\":\"false\"}},\"Effect\":\"Allow\",\"Resource\":\"*\"},{\"Action\":[\"elasticloadbalancing:CreateLoadBalancer\",\"elasticloadbalancing:CreateTargetGroup\"],\"Condition\":{\"Null\":{\"aws:RequestTag/elbv2.k8s.aws/cluster\":\"false\"}},\"Effect\":\"Allow\",\"Resource\":\"*\"},{\"Action\":[\"elasticloadbalancing:CreateListener\",\"elasticloadbalancing:DeleteListener\",\"elasticloadbalancing:CreateRule\",\"elasticloadbalancing:DeleteRule\"],\"Effect\":\"Allow\",\"Resource\":\"*\"},{\"Action\":[\"elasticloadbalancing:AddTags\",\"elasticloadbalancing:RemoveTags\"],\"Condition\":{\"Null\":{\"aws:RequestTag/elbv2.k8s.aws/cluster\":\"true\",\"aws:ResourceTag/elbv2.k8s.aws/cluster\":\"false\"}},\"Effect\":\"Allow\",\"Resource\":[\"arn:aws:elasticloadbalancing:*:*:targetgroup/*/*\",\"arn:aws:elasticloadbalancing:*:*:loadbalancer/net/*/*\",\"arn:aws:elasticloadbalancing:*:*:loadbalancer/app/*/*\"]},{\"Action\":[\"elasticloadbalancing:AddTags\",\"elasticloadbalancing:RemoveTags\"],\"Effect\":\"Allow\",\"Resource\":[\"arn:aws:elasticloadbalancing:*:*:listener/net/*/*/*\",\"arn:aws:elasticloadbalancing:*:*:listener/app/*/*/*\",\"arn:aws:elasticloadbalancing:*:*:listener-rule/net/*/*/*\",\"arn:aws:elasticloadbalancing:*:*:listener-rule/app/*/*/*\"]},{\"Action\":[\"elasticloadbalancing:ModifyLoadBalancerAttributes\",\"elasticloadbalancing:SetIpAddressType\",\"elasticloadbalancing:SetSecurityGroups\",\"elasticloadbalancing:SetSubnets\",\"elasticloadbalancing:DeleteLoadBalancer\",\"elasticloadbalancing:ModifyTargetGroup\",\"elasticloadbalancing:ModifyTargetGroupAttributes\",\"elasticloadbalancing:DeleteTargetGroup\"],\"Condition\":{\"Null\":{\"aws:ResourceTag/elbv2.k8s.aws/cluster\":\"false\"}},\"Effect\":\"Allow\",\"Resource\":\"*\"},{\"Action\":[\"elasticloadbalancing:RegisterTargets\",\"elasticloadbalancing:DeregisterTargets\"],\"Effect\":\"Allow\",\"Resource\":\"arn:aws:elasticloadbalancing:*:*:targetgroup/*/*\"},{\"Action\":[\"elasticloadbalancing:SetWebAcl\",\"elasticloadbalancing:ModifyListener\",\"elasticloadbalancing:AddListenerCertificates\",\"elasticloadbalancing:RemoveListenerCertificates\",\"elasticloadbalancing:ModifyRule\"],\"Effect\":\"Allow\",\"Resource\":\"*\"}],\"Version\":\"2012-10-17\"}",
            "policy_id": "ANPASPAP2IQFQA25SHLFU",
            "tags": {
              "Environment": "dev",
              "ManagedByTerraform": "true"
            },
            "tags_all": {
              "Environment": "dev",
              "ManagedByTerraform": "true"
            }
          },
          "sensitive_attributes": []
        }
      ]
    },
    {
      "mode": "managed",
      "type": "aws_iam_policy",
      "name": "test_eks_pr_193_posthog_dev_external_dns20220523132654483100000015",
      "provider": "provider[\"registry.terraform.io/hashicorp/aws\"]",
      "instances": [
        {
          "schema_version": 0,
          "attributes": {
            "arn": "arn:aws:iam::169684386827:policy/test-eks-pr-193-posthog-dev-external-dns20220523132654483100000015",
            "description": "Route53 access policy for cluster test-eks-pr-193-posthog-dev",
            "id": "arn:aws:iam::169684386827:policy/test-eks-pr-193-posthog-dev-external-dns20220523132654483100000015",
            "name": "test-eks-pr-193-posthog-dev-external-dns20220523132654483100000015",
            "name_prefix": "test-eks-pr-193-posthog-dev-external-dns",
            "path": "/",
            "policy": "{\"Statement\":[{\"Action\":\"route53:ChangeResourceRecordSets\",\"Effect\":\"Allow\",\"Resource\":\"arn:aws:route53:::hostedzone/Z043900936DZ9G8H9I247\",\"Sid\":\"\"},{\"Action\":[\"route53:ListResourceRecordSets\",\"route53:ListHostedZones\"],\"Effect\":\"Allow\",\"Resource\":\"*\",\"Sid\":\"\"}],\"Version\":\"2012-10-17\"}",
            "policy_id": "ANPASPAP2IQF223222LC4",
            "tags": {
              "Environment": "dev",
              "ManagedByTerraform": "true"
            },
            "tags_all": {
              "Environment": "dev",
              "ManagedByTerraform": "true"
            }
          },
          "sensitive_attributes": []
        }
      ]
    },
    {
      "mode": "managed",
      "type": "aws_iam_policy",
      "name": "test_eks_pr_193_posthog_dev_worker_autoscaling20220523132654503700000016",
      "provider": "provider[\"registry.terraform.io/hashicorp/aws\"]",
      "instances": [
        {
          "schema_version": 0,
          "attributes": {
            "arn": "arn:aws:iam::169684386827:policy/test-eks-pr-193-posthog-dev-worker-autoscaling20220523132654503700000016",
            "description": "EKS worker node autoscaling policy for cluster test-eks-pr-193-posthog-dev",
            "id": "arn:aws:iam::169684386827:policy/test-eks-pr-193-posthog-dev-worker-autoscaling20220523132654503700000016",
            "name": "test-eks-pr-193-posthog-dev-worker-autoscaling20220523132654503700000016",
            "name_prefix": "test-eks-pr-193-posthog-dev-worker-autoscaling",
            "path": "/",
            "policy": "{\"Statement\":[{\"Action\":[\"ec2:DescribeLaunchTemplateVersions\",\"ec2:DescribeInstanceTypes\",\"autoscaling:DescribeTags\",\"autoscaling:DescribeLaunchConfigurations\",\"autoscaling:DescribeAutoScalingInstances\",\"autoscaling:DescribeAutoScalingGroups\"],\"Effect\":\"Allow\",\"Resource\":\"*\",\"Sid\":\"eksWorkerAutoscalingAll\"},{\"Action\":[\"autoscaling:UpdateAutoScalingGroup\",\"autoscaling:TerminateInstanceInAutoScalingGroup\",\"autoscaling:SetDesiredCapacity\"],\"Condition\":{\"StringEquals\":{\"autoscaling:ResourceTag/k8s.io/cluster-autoscaler/enabled\":\"true\",\"autoscaling:ResourceTag/kubernetes.io/cluster/test-eks-pr-193-posthog-dev\":\"owned\"}},\"Effect\":\"Allow\",\"Resource\":\"*\",\"Sid\":\"eksWorkerAutoscalingOwn\"}],\"Version\":\"2012-10-17\"}",
            "policy_id": "ANPASPAP2IQFWIRNIX6Z5",
            "tags": {
              "Environment": "dev",
              "ManagedByTerraform": "true"
            },
            "tags_all": {
              "Environment": "dev",
              "ManagedByTerraform": "true"
            }
          },
          "sensitive_attributes": []
        }
      ]
    },
    {
      "mode": "managed",
      "type": "aws_iam_policy",
      "name": "test_eks_pr_245_posthog_dev_AWSLoadBalancerControllerGlobalIAMPolicy",
      "provider": "provider[\"registry.terraform.io/hashicorp/aws\"]",
      "instances": [
        {
          "schema_version": 0,
          "attributes": {
            "arn": "arn:aws:iam::169684386827:policy/service/test-eks-pr-245-posthog-dev/test-eks-pr-245-posthog-dev-AWSLoadBalancerControllerGlobalIAMPolicy",
            "description": "Policy to allow aws-load-balancer-controller to list target groups and their health",
            "id": "arn:aws:iam::169684386827:policy/service/test-eks-pr-245-posthog-dev/test-eks-pr-245-posthog-dev-AWSLoadBalancerControllerGlobalIAMPolicy",
            "name": "test-eks-pr-245-posthog-dev-AWSLoadBalancerControllerGlobalIAMPolicy",
            "name_prefix": "",
            "path": "/service/test-eks-pr-245-posthog-dev/",
            "policy": "{\"Statement\":[{\"Action\":[\"iam:CreateServiceLinkedRole\",\"ec2:DescribeAccountAttributes\",\"ec2:DescribeAddresses\",\"ec2:DescribeAvailabilityZones\",\"ec2:DescribeInternetGateways\",\"ec2:DescribeVpcs\",\"ec2:DescribeSubnets\",\"ec2:DescribeSecurityGroups\",\"ec2:DescribeInstances\",\"ec2:DescribeNetworkInterfaces\",\"ec2:DescribeTags\",\"ec2:GetCoipPoolUsage\",\"ec2:DescribeCoipPools\",\"elasticloadbalancing:DescribeLoadBalancers\",\"elasticloadbalancing:DescribeLoadBalancerAttributes\",\"elasticloadbalancing:DescribeListeners\",\"elasticloadbalancing:DescribeListenerCertificates\",\"elasticloadbalancing:DescribeSSLPolicies\",\"elasticloadbalancing:DescribeRules\",\"elasticloadbalancing:DescribeTargetGroups\",\"elasticloadbalancing:DescribeTargetGroupAttributes\",\"elasticloadbalancing:DescribeTargetHealth\",\"elasticloadbalancing:DescribeTags\"],\"Effect\":\"Allow\",\"Resource\":\"*\"},{\"Action\":[\"cognito-idp:DescribeUserPoolClient\",\"acm:ListCertificates\",\"acm:DescribeCertificate\",\"iam:ListServerCertificates\",\"iam:GetServerCertificate\",\"waf-regional:GetWebACL\",\"waf-regional:GetWebACLForResource\",\"waf-regional:AssociateWebACL\",\"waf-regional:DisassociateWebACL\",\"wafv2:GetWebACL\",\"wafv2:GetWebACLForResource\",\"wafv2:AssociateWebACL\",\"wafv2:DisassociateWebACL\",\"shield:GetSubscriptionState\",\"shield:DescribeProtection\",\"shield:CreateProtection\",\"shield:DeleteProtection\"],\"Effect\":\"Allow\",\"Resource\":\"*\"},{\"Action\":[\"ec2:AuthorizeSecurityGroupIngress\",\"ec2:RevokeSecurityGroupIngress\"],\"Effect\":\"Allow\",\"Resource\":\"*\"},{\"Action\":[\"ec2:CreateSecurityGroup\"],\"Effect\":\"Allow\",\"Resource\":\"*\"},{\"Action\":[\"ec2:CreateTags\"],\"Condition\":{\"Null\":{\"aws:RequestTag/elbv2.k8s.aws/cluster\":\"false\"},\"StringEquals\":{\"ec2:CreateAction\":\"CreateSecurityGroup\"}},\"Effect\":\"Allow\",\"Resource\":\"arn:aws:ec2:*:*:security-group/*\"},{\"Action\":[\"ec2:CreateTags\",\"ec2:DeleteTags\"],\"Condition\":{\"Null\":{\"aws:RequestTag/elbv2.k8s.aws/cluster\":\"true\",\"aws:ResourceTag/elbv2.k8s.aws/cluster\":\"false\"}},\"Effect\":\"Allow\",\"Resource\":\"arn:aws:ec2:*:*:security-group/*\"},{\"Action\":[\"ec2:AuthorizeSecurityGroupIngress\",\"ec2:RevokeSecurityGroupIngress\",\"ec2:DeleteSecurityGroup\"],\"Condition\":{\"Null\":{\"aws:ResourceTag/elbv2.k8s.aws/cluster\":\"false\"}},\"Effect\":\"Allow\",\"Resource\":\"*\"},{\"Action\":[\"elasticloadbalancing:CreateLoadBalancer\",\"elasticloadbalancing:CreateTargetGroup\"],\"Condition\":{\"Null\":{\"aws:RequestTag/elbv2.k8s.aws/cluster\":\"false\"}},\"Effect\":\"Allow\",\"Resource\":\"*\"},{\"Action\":[\"elasticloadbalancing:CreateListener\",\"elasticloadbalancing:DeleteListener\",\"elasticloadbalancing:CreateRule\",\"elasticloadbalancing:DeleteRule\"],\"Effect\":\"Allow\",\"Resource\":\"*\"},{\"Action\":[\"elasticloadbalancing:AddTags\",\"elasticloadbalancing:RemoveTags\"],\"Condition\":{\"Null\":{\"aws:RequestTag/elbv2.k8s.aws/cluster\":\"true\",\"aws:ResourceTag/elbv2.k8s.aws/cluster\":\"false\"}},\"Effect\":\"Allow\",\"Resource\":[\"arn:aws:elasticloadbalancing:*:*:targetgroup/*/*\",\"arn:aws:elasticloadbalancing:*:*:loadbalancer/net/*/*\",\"arn:aws:elasticloadbalancing:*:*:loadbalancer/app/*/*\"]},{\"Action\":[\"elasticloadbalancing:AddTags\",\"elasticloadbalancing:RemoveTags\"],\"Effect\":\"Allow\",\"Resource\":[\"arn:aws:elasticloadbalancing:*:*:listener/net/*/*/*\",\"arn:aws:elasticloadbalancing:*:*:listener/app/*/*/*\",\"arn:aws:elasticloadbalancing:*:*:listener-rule/net/*/*/*\",\"arn:aws:elasticloadbalancing:*:*:listener-rule/app/*/*/*\"]},{\"Action\":[\"elasticloadbalancing:ModifyLoadBalancerAttributes\",\"elasticloadbalancing:SetIpAddressType\",\"elasticloadbalancing:SetSecurityGroups\",\"elasticloadbalancing:SetSubnets\",\"elasticloadbalancing:DeleteLoadBalancer\",\"elasticloadbalancing:ModifyTargetGroup\",\"elasticloadbalancing:ModifyTargetGroupAttributes\",\"elasticloadbalancing:DeleteTargetGroup\"],\"Condition\":{\"Null\":{\"aws:ResourceTag/elbv2.k8s.aws/cluster\":\"false\"}},\"Effect\":\"Allow\",\"Resource\":\"*\"},{\"Action\":[\"elasticloadbalancing:RegisterTargets\",\"elasticloadbalancing:DeregisterTargets\"],\"Effect\":\"Allow\",\"Resource\":\"arn:aws:elasticloadbalancing:*:*:targetgroup/*/*\"},{\"Action\":[\"elasticloadbalancing:SetWebAcl\",\"elasticloadbalancing:ModifyListener\",\"elasticloadbalancing:AddListenerCertificates\",\"elasticloadbalancing:RemoveListenerCertificates\",\"elasticloadbalancing:ModifyRule\"],\"Effect\":\"Allow\",\"Resource\":\"*\"}],\"Version\":\"2012-10-17\"}",
            "policy_id": "ANPASPAP2IQF7YX4FSUQI",
            "tags": {
              "Environment": "dev",
              "ManagedByTerraform": "true"
            },
            "tags_all": {
              "Environment": "dev",
              "ManagedByTerraform": "true"
            }
          },
          "sensitive_attributes": []
        }
      ]
    },
    {
      "mode": "managed",
      "type": "aws_iam_policy",
      "name": "test_eks_pr_245_posthog_dev_external_dns2022060213020005220000000d",
      "provider": "provider[\"registry.terraform.io/hashicorp/aws\"]",
      "instances": [
        {
          "schema_version": 0,
          "attributes": {
            "arn": "arn:aws:iam::169684386827:policy/test-eks-pr-245-posthog-dev-external-dns2022060213020005220000000d",
            "description": "Route53 access policy for cluster test-eks-pr-245-posthog-dev",
            "id": "arn:aws:iam::169684386827:policy/test-eks-pr-245-posthog-dev-external-dns2022060213020005220000000d",
            "name": "test-eks-pr-245-posthog-dev-external-dns2022060213020005220000000d",
            "name_prefix": "test-eks-pr-245-posthog-dev-external-dns",
            "path": "/",
            "policy": "{\"Statement\":[{\"Action\":\"route53:ChangeResourceRecordSets\",\"Effect\":\"Allow\",\"Resource\":\"arn:aws:route53:::hostedzone/Z043900936DZ9G8H9I247\",\"Sid\":\"\"},{\"Action\":[\"route53:ListResourceRecordSets\",\"route53:ListHostedZones\"],\"Effect\":\"Allow\",\"Resource\":\"*\",\"Sid\":\"\"}],\"Version\":\"2012-10-17\"}",
            "policy_id": "ANPASPAP2IQFX4HGZN5JO",
            "tags": {
              "Environment": "dev",
              "ManagedByTerraform": "true"
            },
            "tags_all": {
              "Environment": "dev",
              "ManagedByTerraform": "true"
            }
          },
          "sensitive_attributes": []
        }
      ]
    },
    {
      "mode": "managed",
      "type": "aws_iam_policy",
      "name": "test_eks_pr_245_posthog_dev_worker_autoscaling2022060213020007600000000e",
      "provider": "provider[\"registry.terraform.io/hashicorp/aws\"]",
      "instances": [
        {
          "schema_version": 0,
          "attributes": {
            "arn": "arn:aws:iam::169684386827:policy/test-eks-pr-245-posthog-dev-worker-autoscaling2022060213020007600000000e",
            "description": "EKS worker node autoscaling policy for cluster test-eks-pr-245-posthog-dev",
            "id": "arn:aws:iam::169684386827:policy/test-eks-pr-245-posthog-dev-worker-autoscaling2022060213020007600000000e",
            "name": "test-eks-pr-245-posthog-dev-worker-autoscaling2022060213020007600000000e",
            "name_prefix": "test-eks-pr-245-posthog-dev-worker-autoscaling",
            "path": "/",
            "policy": "{\"Statement\":[{\"Action\":[\"ec2:DescribeLaunchTemplateVersions\",\"ec2:DescribeInstanceTypes\",\"autoscaling:DescribeTags\",\"autoscaling:DescribeLaunchConfigurations\",\"autoscaling:DescribeAutoScalingInstances\",\"autoscaling:DescribeAutoScalingGroups\"],\"Effect\":\"Allow\",\"Resource\":\"*\",\"Sid\":\"eksWorkerAutoscalingAll\"},{\"Action\":[\"autoscaling:UpdateAutoScalingGroup\",\"autoscaling:TerminateInstanceInAutoScalingGroup\",\"autoscaling:SetDesiredCapacity\"],\"Condition\":{\"StringEquals\":{\"autoscaling:ResourceTag/k8s.io/cluster-autoscaler/enabled\":\"true\",\"autoscaling:ResourceTag/kubernetes.io/cluster/test-eks-pr-245-posthog-dev\":\"owned\"}},\"Effect\":\"Allow\",\"Resource\":\"*\",\"Sid\":\"eksWorkerAutoscalingOwn\"}],\"Version\":\"2012-10-17\"}",
            "policy_id": "ANPASPAP2IQF7SXOWSTTX",
            "tags": {
              "Environment": "dev",
              "ManagedByTerraform": "true"
            },
            "tags_all": {
              "Environment": "dev",
              "ManagedByTerraform": "true"
            }
          },
          "sensitive_attributes": []
        }
      ]
    },
    {
      "mode": "managed",
      "type": "aws_iam_policy",
      "name": "test_eks_pr_279_posthog_dev_AWSLoadBalancerControllerGlobalIAMPolicy",
      "provider": "provider[\"registry.terraform.io/hashicorp/aws\"]",
      "instances": [
        {
          "schema_version": 0,
          "attributes": {
            "arn": "arn:aws:iam::169684386827:policy/service/test-eks-pr-279-posthog-dev/test-eks-pr-279-posthog-dev-AWSLoadBalancerControllerGlobalIAMPolicy",
            "description": "Policy to allow aws-load-balancer-controller to list target groups and their health",
            "id": "arn:aws:iam::169684386827:policy/service/test-eks-pr-279-posthog-dev/test-eks-pr-279-posthog-dev-AWSLoadBalancerControllerGlobalIAMPolicy",
            "name": "test-eks-pr-279-posthog-dev-AWSLoadBalancerControllerGlobalIAMPolicy",
            "name_prefix": "",
            "path": "/service/test-eks-pr-279-posthog-dev/",
            "policy": "{\"Statement\":[{\"Action\":[\"iam:CreateServiceLinkedRole\",\"ec2:DescribeAccountAttributes\",\"ec2:DescribeAddresses\",\"ec2:DescribeAvailabilityZones\",\"ec2:DescribeInternetGateways\",\"ec2:DescribeVpcs\",\"ec2:DescribeSubnets\",\"ec2:DescribeSecurityGroups\",\"ec2:DescribeInstances\",\"ec2:DescribeNetworkInterfaces\",\"ec2:DescribeTags\",\"ec2:GetCoipPoolUsage\",\"ec2:DescribeCoipPools\",\"elasticloadbalancing:DescribeLoadBalancers\",\"elasticloadbalancing:DescribeLoadBalancerAttributes\",\"elasticloadbalancing:DescribeListeners\",\"elasticloadbalancing:DescribeListenerCertificates\",\"elasticloadbalancing:DescribeSSLPolicies\",\"elasticloadbalancing:DescribeRules\",\"elasticloadbalancing:DescribeTargetGroups\",\"elasticloadbalancing:DescribeTargetGroupAttributes\",\"elasticloadbalancing:DescribeTargetHealth\",\"elasticloadbalancing:DescribeTags\"],\"Effect\":\"Allow\",\"Resource\":\"*\"},{\"Action\":[\"cognito-idp:DescribeUserPoolClient\",\"acm:ListCertificates\",\"acm:DescribeCertificate\",\"iam:ListServerCertificates\",\"iam:GetServerCertificate\",\"waf-regional:GetWebACL\",\"waf-regional:GetWebACLForResource\",\"waf-regional:AssociateWebACL\",\"waf-regional:DisassociateWebACL\",\"wafv2:GetWebACL\",\"wafv2:GetWebACLForResource\",\"wafv2:AssociateWebACL\",\"wafv2:DisassociateWebACL\",\"shield:GetSubscriptionState\",\"shield:DescribeProtection\",\"shield:CreateProtection\",\"shield:DeleteProtection\"],\"Effect\":\"Allow\",\"Resource\":\"*\"},{\"Action\":[\"ec2:AuthorizeSecurityGroupIngress\",\"ec2:RevokeSecurityGroupIngress\"],\"Effect\":\"Allow\",\"Resource\":\"*\"},{\"Action\":[\"ec2:CreateSecurityGroup\"],\"Effect\":\"Allow\",\"Resource\":\"*\"},{\"Action\":[\"ec2:CreateTags\"],\"Condition\":{\"Null\":{\"aws:RequestTag/elbv2.k8s.aws/cluster\":\"false\"},\"StringEquals\":{\"ec2:CreateAction\":\"CreateSecurityGroup\"}},\"Effect\":\"Allow\",\"Resource\":\"arn:aws:ec2:*:*:security-group/*\"},{\"Action\":[\"ec2:CreateTags\",\"ec2:DeleteTags\"],\"Condition\":{\"Null\":{\"aws:RequestTag/elbv2.k8s.aws/cluster\":\"true\",\"aws:ResourceTag/elbv2.k8s.aws/cluster\":\"false\"}},\"Effect\":\"Allow\",\"Resource\":\"arn:aws:ec2:*:*:security-group/*\"},{\"Action\":[\"ec2:AuthorizeSecurityGroupIngress\",\"ec2:RevokeSecurityGroupIngress\",\"ec2:DeleteSecurityGroup\"],\"Condition\":{\"Null\":{\"aws:ResourceTag/elbv2.k8s.aws/cluster\":\"false\"}},\"Effect\":\"Allow\",\"Resource\":\"*\"},{\"Action\":[\"elasticloadbalancing:CreateLoadBalancer\",\"elasticloadbalancing:CreateTargetGroup\"],\"Condition\":{\"Null\":{\"aws:RequestTag/elbv2.k8s.aws/cluster\":\"false\"}},\"Effect\":\"Allow\",\"Resource\":\"*\"},{\"Action\":[\"elasticloadbalancing:CreateListener\",\"elasticloadbalancing:DeleteListener\",\"elasticloadbalancing:CreateRule\",\"elasticloadbalancing:DeleteRule\"],\"Effect\":\"Allow\",\"Resource\":\"*\"},{\"Action\":[\"elasticloadbalancing:AddTags\",\"elasticloadbalancing:RemoveTags\"],\"Condition\":{\"Null\":{\"aws:RequestTag/elbv2.k8s.aws/cluster\":\"true\",\"aws:ResourceTag/elbv2.k8s.aws/cluster\":\"false\"}},\"Effect\":\"Allow\",\"Resource\":[\"arn:aws:elasticloadbalancing:*:*:targetgroup/*/*\",\"arn:aws:elasticloadbalancing:*:*:loadbalancer/net/*/*\",\"arn:aws:elasticloadbalancing:*:*:loadbalancer/app/*/*\"]},{\"Action\":[\"elasticloadbalancing:AddTags\",\"elasticloadbalancing:RemoveTags\"],\"Effect\":\"Allow\",\"Resource\":[\"arn:aws:elasticloadbalancing:*:*:listener/net/*/*/*\",\"arn:aws:elasticloadbalancing:*:*:listener/app/*/*/*\",\"arn:aws:elasticloadbalancing:*:*:listener-rule/net/*/*/*\",\"arn:aws:elasticloadbalancing:*:*:listener-rule/app/*/*/*\"]},{\"Action\":[\"elasticloadbalancing:ModifyLoadBalancerAttributes\",\"elasticloadbalancing:SetIpAddressType\",\"elasticloadbalancing:SetSecurityGroups\",\"elasticloadbalancing:SetSubnets\",\"elasticloadbalancing:DeleteLoadBalancer\",\"elasticloadbalancing:ModifyTargetGroup\",\"elasticloadbalancing:ModifyTargetGroupAttributes\",\"elasticloadbalancing:DeleteTargetGroup\"],\"Condition\":{\"Null\":{\"aws:ResourceTag/elbv2.k8s.aws/cluster\":\"false\"}},\"Effect\":\"Allow\",\"Resource\":\"*\"},{\"Action\":[\"elasticloadbalancing:RegisterTargets\",\"elasticloadbalancing:DeregisterTargets\"],\"Effect\":\"Allow\",\"Resource\":\"arn:aws:elasticloadbalancing:*:*:targetgroup/*/*\"},{\"Action\":[\"elasticloadbalancing:SetWebAcl\",\"elasticloadbalancing:ModifyListener\",\"elasticloadbalancing:AddListenerCertificates\",\"elasticloadbalancing:RemoveListenerCertificates\",\"elasticloadbalancing:ModifyRule\"],\"Effect\":\"Allow\",\"Resource\":\"*\"}],\"Version\":\"2012-10-17\"}",
            "policy_id": "ANPASPAP2IQFX76KPCI7K",
            "tags": {
              "Environment": "dev",
              "ManagedByTerraform": "true"
            },
            "tags_all": {
              "Environment": "dev",
              "ManagedByTerraform": "true"
            }
          },
          "sensitive_attributes": []
        }
      ]
    },
    {
      "mode": "managed",
      "type": "aws_iam_policy",
      "name": "test_eks_pr_279_posthog_dev_external_dns2022061612072594680000000d",
      "provider": "provider[\"registry.terraform.io/hashicorp/aws\"]",
      "instances": [
        {
          "schema_version": 0,
          "attributes": {
            "arn": "arn:aws:iam::169684386827:policy/test-eks-pr-279-posthog-dev-external-dns2022061612072594680000000d",
            "description": "Route53 access policy for cluster test-eks-pr-279-posthog-dev",
            "id": "arn:aws:iam::169684386827:policy/test-eks-pr-279-posthog-dev-external-dns2022061612072594680000000d",
            "name": "test-eks-pr-279-posthog-dev-external-dns2022061612072594680000000d",
            "name_prefix": "test-eks-pr-279-posthog-dev-external-dns",
            "path": "/",
            "policy": "{\"Statement\":[{\"Action\":\"route53:ChangeResourceRecordSets\",\"Effect\":\"Allow\",\"Resource\":\"arn:aws:route53:::hostedzone/Z043900936DZ9G8H9I247\",\"Sid\":\"\"},{\"Action\":[\"route53:ListResourceRecordSets\",\"route53:ListHostedZones\"],\"Effect\":\"Allow\",\"Resource\":\"*\",\"Sid\":\"\"}],\"Version\":\"2012-10-17\"}",
            "policy_id": "ANPASPAP2IQFVFMPNAJTC",
            "tags": {
              "Environment": "dev",
              "ManagedByTerraform": "true"
            },
            "tags_all": {
              "Environment": "dev",
              "ManagedByTerraform": "true"
            }
          },
          "sensitive_attributes": []
        }
      ]
    },
    {
      "mode": "managed",
      "type": "aws_iam_policy",
      "name": "test_eks_pr_279_posthog_dev_worker_autoscaling2022061612072596630000000e",
      "provider": "provider[\"registry.terraform.io/hashicorp/aws\"]",
      "instances": [
        {
          "schema_version": 0,
          "attributes": {
            "arn": "arn:aws:iam::169684386827:policy/test-eks-pr-279-posthog-dev-worker-autoscaling2022061612072596630000000e",
            "description": "EKS worker node autoscaling policy for cluster test-eks-pr-279-posthog-dev",
            "id": "arn:aws:iam::169684386827:policy/test-eks-pr-279-posthog-dev-worker-autoscaling2022061612072596630000000e",
            "name": "test-eks-pr-279-posthog-dev-worker-autoscaling2022061612072596630000000e",
            "name_prefix": "test-eks-pr-279-posthog-dev-worker-autoscaling",
            "path": "/",
            "policy": "{\"Statement\":[{\"Action\":[\"ec2:DescribeLaunchTemplateVersions\",\"ec2:DescribeInstanceTypes\",\"autoscaling:DescribeTags\",\"autoscaling:DescribeLaunchConfigurations\",\"autoscaling:DescribeAutoScalingInstances\",\"autoscaling:DescribeAutoScalingGroups\"],\"Effect\":\"Allow\",\"Resource\":\"*\",\"Sid\":\"eksWorkerAutoscalingAll\"},{\"Action\":[\"autoscaling:UpdateAutoScalingGroup\",\"autoscaling:TerminateInstanceInAutoScalingGroup\",\"autoscaling:SetDesiredCapacity\"],\"Condition\":{\"StringEquals\":{\"autoscaling:ResourceTag/k8s.io/cluster-autoscaler/enabled\":\"true\",\"autoscaling:ResourceTag/kubernetes.io/cluster/test-eks-pr-279-posthog-dev\":\"owned\"}},\"Effect\":\"Allow\",\"Resource\":\"*\",\"Sid\":\"eksWorkerAutoscalingOwn\"}],\"Version\":\"2012-10-17\"}",
            "policy_id": "ANPASPAP2IQFWUKZGPFEQ",
            "tags": {
              "Environment": "dev",
              "ManagedByTerraform": "true"
            },
            "tags_all": {
              "Environment": "dev",
              "ManagedByTerraform": "true"
            }
          },
          "sensitive_attributes": []
        }
      ]
    },
    {
      "mode": "managed",
      "type": "aws_iam_policy",
      "name": "test_eks_pr_458_posthog_dev_AWSLoadBalancerControllerGlobalIAMPolicy",
      "provider": "provider[\"registry.terraform.io/hashicorp/aws\"]",
      "instances": [
        {
          "schema_version": 0,
          "attributes": {
            "arn": "arn:aws:iam::169684386827:policy/service/test-eks-pr-458-posthog-dev/test-eks-pr-458-posthog-dev-AWSLoadBalancerControllerGlobalIAMPolicy",
            "description": "Policy to allow aws-load-balancer-controller to list target groups and their health",
            "id": "arn:aws:iam::169684386827:policy/service/test-eks-pr-458-posthog-dev/test-eks-pr-458-posthog-dev-AWSLoadBalancerControllerGlobalIAMPolicy",
            "name": "test-eks-pr-458-posthog-dev-AWSLoadBalancerControllerGlobalIAMPolicy",
            "name_prefix": "",
            "path": "/service/test-eks-pr-458-posthog-dev/",
            "policy": "{\"Statement\":[{\"Action\":[\"iam:CreateServiceLinkedRole\",\"ec2:DescribeAccountAttributes\",\"ec2:DescribeAddresses\",\"ec2:DescribeAvailabilityZones\",\"ec2:DescribeInternetGateways\",\"ec2:DescribeVpcs\",\"ec2:DescribeSubnets\",\"ec2:DescribeSecurityGroups\",\"ec2:DescribeInstances\",\"ec2:DescribeNetworkInterfaces\",\"ec2:DescribeTags\",\"ec2:GetCoipPoolUsage\",\"ec2:DescribeCoipPools\",\"elasticloadbalancing:DescribeLoadBalancers\",\"elasticloadbalancing:DescribeLoadBalancerAttributes\",\"elasticloadbalancing:DescribeListeners\",\"elasticloadbalancing:DescribeListenerCertificates\",\"elasticloadbalancing:DescribeSSLPolicies\",\"elasticloadbalancing:DescribeRules\",\"elasticloadbalancing:DescribeTargetGroups\",\"elasticloadbalancing:DescribeTargetGroupAttributes\",\"elasticloadbalancing:DescribeTargetHealth\",\"elasticloadbalancing:DescribeTags\"],\"Effect\":\"Allow\",\"Resource\":\"*\"},{\"Action\":[\"cognito-idp:DescribeUserPoolClient\",\"acm:ListCertificates\",\"acm:DescribeCertificate\",\"iam:ListServerCertificates\",\"iam:GetServerCertificate\",\"waf-regional:GetWebACL\",\"waf-regional:GetWebACLForResource\",\"waf-regional:AssociateWebACL\",\"waf-regional:DisassociateWebACL\",\"wafv2:GetWebACL\",\"wafv2:GetWebACLForResource\",\"wafv2:AssociateWebACL\",\"wafv2:DisassociateWebACL\",\"shield:GetSubscriptionState\",\"shield:DescribeProtection\",\"shield:CreateProtection\",\"shield:DeleteProtection\"],\"Effect\":\"Allow\",\"Resource\":\"*\"},{\"Action\":[\"ec2:AuthorizeSecurityGroupIngress\",\"ec2:RevokeSecurityGroupIngress\"],\"Effect\":\"Allow\",\"Resource\":\"*\"},{\"Action\":[\"ec2:CreateSecurityGroup\"],\"Effect\":\"Allow\",\"Resource\":\"*\"},{\"Action\":[\"ec2:CreateTags\"],\"Condition\":{\"Null\":{\"aws:RequestTag/elbv2.k8s.aws/cluster\":\"false\"},\"StringEquals\":{\"ec2:CreateAction\":\"CreateSecurityGroup\"}},\"Effect\":\"Allow\",\"Resource\":\"arn:aws:ec2:*:*:security-group/*\"},{\"Action\":[\"ec2:CreateTags\",\"ec2:DeleteTags\"],\"Condition\":{\"Null\":{\"aws:RequestTag/elbv2.k8s.aws/cluster\":\"true\",\"aws:ResourceTag/elbv2.k8s.aws/cluster\":\"false\"}},\"Effect\":\"Allow\",\"Resource\":\"arn:aws:ec2:*:*:security-group/*\"},{\"Action\":[\"ec2:AuthorizeSecurityGroupIngress\",\"ec2:RevokeSecurityGroupIngress\",\"ec2:DeleteSecurityGroup\"],\"Condition\":{\"Null\":{\"aws:ResourceTag/elbv2.k8s.aws/cluster\":\"false\"}},\"Effect\":\"Allow\",\"Resource\":\"*\"},{\"Action\":[\"elasticloadbalancing:CreateLoadBalancer\",\"elasticloadbalancing:CreateTargetGroup\"],\"Condition\":{\"Null\":{\"aws:RequestTag/elbv2.k8s.aws/cluster\":\"false\"}},\"Effect\":\"Allow\",\"Resource\":\"*\"},{\"Action\":[\"elasticloadbalancing:CreateListener\",\"elasticloadbalancing:DeleteListener\",\"elasticloadbalancing:CreateRule\",\"elasticloadbalancing:DeleteRule\"],\"Effect\":\"Allow\",\"Resource\":\"*\"},{\"Action\":[\"elasticloadbalancing:AddTags\",\"elasticloadbalancing:RemoveTags\"],\"Condition\":{\"Null\":{\"aws:RequestTag/elbv2.k8s.aws/cluster\":\"true\",\"aws:ResourceTag/elbv2.k8s.aws/cluster\":\"false\"}},\"Effect\":\"Allow\",\"Resource\":[\"arn:aws:elasticloadbalancing:*:*:targetgroup/*/*\",\"arn:aws:elasticloadbalancing:*:*:loadbalancer/net/*/*\",\"arn:aws:elasticloadbalancing:*:*:loadbalancer/app/*/*\"]},{\"Action\":[\"elasticloadbalancing:AddTags\",\"elasticloadbalancing:RemoveTags\"],\"Effect\":\"Allow\",\"Resource\":[\"arn:aws:elasticloadbalancing:*:*:listener/net/*/*/*\",\"arn:aws:elasticloadbalancing:*:*:listener/app/*/*/*\",\"arn:aws:elasticloadbalancing:*:*:listener-rule/net/*/*/*\",\"arn:aws:elasticloadbalancing:*:*:listener-rule/app/*/*/*\"]},{\"Action\":[\"elasticloadbalancing:ModifyLoadBalancerAttributes\",\"elasticloadbalancing:SetIpAddressType\",\"elasticloadbalancing:SetSecurityGroups\",\"elasticloadbalancing:SetSubnets\",\"elasticloadbalancing:DeleteLoadBalancer\",\"elasticloadbalancing:ModifyTargetGroup\",\"elasticloadbalancing:ModifyTargetGroupAttributes\",\"elasticloadbalancing:DeleteTargetGroup\"],\"Condition\":{\"Null\":{\"aws:ResourceTag/elbv2.k8s.aws/cluster\":\"false\"}},\"Effect\":\"Allow\",\"Resource\":\"*\"},{\"Action\":[\"elasticloadbalancing:RegisterTargets\",\"elasticloadbalancing:DeregisterTargets\"],\"Effect\":\"Allow\",\"Resource\":\"arn:aws:elasticloadbalancing:*:*:targetgroup/*/*\"},{\"Action\":[\"elasticloadbalancing:SetWebAcl\",\"elasticloadbalancing:ModifyListener\",\"elasticloadbalancing:AddListenerCertificates\",\"elasticloadbalancing:RemoveListenerCertificates\",\"elasticloadbalancing:ModifyRule\"],\"Effect\":\"Allow\",\"Resource\":\"*\"}],\"Version\":\"2012-10-17\"}",
            "policy_id": "ANPASPAP2IQF7442GBGLU",
            "tags": {
              "Environment": "dev",
              "ManagedByTerraform": "true"
            },
            "tags_all": {
              "Environment": "dev",
              "ManagedByTerraform": "true"
            }
          },
          "sensitive_attributes": []
        }
      ]
    },
    {
      "mode": "managed",
      "type": "aws_iam_policy",
      "name": "test_eks_pr_458_posthog_dev_external_dns2022081816305008240000001b",
      "provider": "provider[\"registry.terraform.io/hashicorp/aws\"]",
      "instances": [
        {
          "schema_version": 0,
          "attributes": {
            "arn": "arn:aws:iam::169684386827:policy/test-eks-pr-458-posthog-dev-external-dns2022081816305008240000001b",
            "description": "Route53 access policy for cluster test-eks-pr-458-posthog-dev",
            "id": "arn:aws:iam::169684386827:policy/test-eks-pr-458-posthog-dev-external-dns2022081816305008240000001b",
            "name": "test-eks-pr-458-posthog-dev-external-dns2022081816305008240000001b",
            "name_prefix": "test-eks-pr-458-posthog-dev-external-dns",
            "path": "/",
            "policy": "{\"Statement\":[{\"Action\":\"route53:ChangeResourceRecordSets\",\"Effect\":\"Allow\",\"Resource\":\"arn:aws:route53:::hostedzone/Z043900936DZ9G8H9I247\",\"Sid\":\"\"},{\"Action\":[\"route53:ListResourceRecordSets\",\"route53:ListHostedZones\"],\"Effect\":\"Allow\",\"Resource\":\"*\",\"Sid\":\"\"}],\"Version\":\"2012-10-17\"}",
            "policy_id": "ANPASPAP2IQF4LLW4CWUC",
            "tags": {
              "Environment": "dev",
              "ManagedByTerraform": "true"
            },
            "tags_all": {
              "Environment": "dev",
              "ManagedByTerraform": "true"
            }
          },
          "sensitive_attributes": []
        }
      ]
    },
    {
      "mode": "managed",
      "type": "aws_iam_policy",
      "name": "test_eks_pr_458_posthog_dev_worker_autoscaling2022081816305010710000001c",
      "provider": "provider[\"registry.terraform.io/hashicorp/aws\"]",
      "instances": [
        {
          "schema_version": 0,
          "attributes": {
            "arn": "arn:aws:iam::169684386827:policy/test-eks-pr-458-posthog-dev-worker-autoscaling2022081816305010710000001c",
            "description": "EKS worker node autoscaling policy for cluster test-eks-pr-458-posthog-dev",
            "id": "arn:aws:iam::169684386827:policy/test-eks-pr-458-posthog-dev-worker-autoscaling2022081816305010710000001c",
            "name": "test-eks-pr-458-posthog-dev-worker-autoscaling2022081816305010710000001c",
            "name_prefix": "test-eks-pr-458-posthog-dev-worker-autoscaling",
            "path": "/",
            "policy": "{\"Statement\":[{\"Action\":[\"ec2:DescribeLaunchTemplateVersions\",\"ec2:DescribeInstanceTypes\",\"autoscaling:DescribeTags\",\"autoscaling:DescribeLaunchConfigurations\",\"autoscaling:DescribeAutoScalingInstances\",\"autoscaling:DescribeAutoScalingGroups\"],\"Effect\":\"Allow\",\"Resource\":\"*\",\"Sid\":\"eksWorkerAutoscalingAll\"},{\"Action\":[\"autoscaling:UpdateAutoScalingGroup\",\"autoscaling:TerminateInstanceInAutoScalingGroup\",\"autoscaling:SetDesiredCapacity\"],\"Condition\":{\"StringEquals\":{\"autoscaling:ResourceTag/k8s.io/cluster-autoscaler/enabled\":\"true\",\"autoscaling:ResourceTag/kubernetes.io/cluster/test-eks-pr-458-posthog-dev\":\"owned\"}},\"Effect\":\"Allow\",\"Resource\":\"*\",\"Sid\":\"eksWorkerAutoscalingOwn\"}],\"Version\":\"2012-10-17\"}",
            "policy_id": "ANPASPAP2IQF47NTWTY5C",
            "tags": {
              "Environment": "dev",
              "ManagedByTerraform": "true"
            },
            "tags_all": {
              "Environment": "dev",
              "ManagedByTerraform": "true"
            }
          },
          "sensitive_attributes": []
        }
      ]
    },
    {
      "mode": "managed",
      "type": "aws_iam_policy",
      "name": "test_eks_pr_687_posthog_dev_AWSLoadBalancerControllerGlobalIAMPolicy",
      "provider": "provider[\"registry.terraform.io/hashicorp/aws\"]",
      "instances": [
        {
          "schema_version": 0,
          "attributes": {
            "arn": "arn:aws:iam::169684386827:policy/service/test-eks-pr-687-posthog-dev/test-eks-pr-687-posthog-dev-AWSLoadBalancerControllerGlobalIAMPolicy",
            "description": "Policy to allow aws-load-balancer-controller to list target groups and their health",
            "id": "arn:aws:iam::169684386827:policy/service/test-eks-pr-687-posthog-dev/test-eks-pr-687-posthog-dev-AWSLoadBalancerControllerGlobalIAMPolicy",
            "name": "test-eks-pr-687-posthog-dev-AWSLoadBalancerControllerGlobalIAMPolicy",
            "name_prefix": "",
            "path": "/service/test-eks-pr-687-posthog-dev/",
            "policy": "{\"Statement\":[{\"Action\":[\"iam:CreateServiceLinkedRole\",\"ec2:DescribeAccountAttributes\",\"ec2:DescribeAddresses\",\"ec2:DescribeAvailabilityZones\",\"ec2:DescribeInternetGateways\",\"ec2:DescribeVpcs\",\"ec2:DescribeSubnets\",\"ec2:DescribeSecurityGroups\",\"ec2:DescribeInstances\",\"ec2:DescribeNetworkInterfaces\",\"ec2:DescribeTags\",\"ec2:GetCoipPoolUsage\",\"ec2:DescribeCoipPools\",\"elasticloadbalancing:DescribeLoadBalancers\",\"elasticloadbalancing:DescribeLoadBalancerAttributes\",\"elasticloadbalancing:DescribeListeners\",\"elasticloadbalancing:DescribeListenerCertificates\",\"elasticloadbalancing:DescribeSSLPolicies\",\"elasticloadbalancing:DescribeRules\",\"elasticloadbalancing:DescribeTargetGroups\",\"elasticloadbalancing:DescribeTargetGroupAttributes\",\"elasticloadbalancing:DescribeTargetHealth\",\"elasticloadbalancing:DescribeTags\"],\"Effect\":\"Allow\",\"Resource\":\"*\"},{\"Action\":[\"cognito-idp:DescribeUserPoolClient\",\"acm:ListCertificates\",\"acm:DescribeCertificate\",\"iam:ListServerCertificates\",\"iam:GetServerCertificate\",\"waf-regional:GetWebACL\",\"waf-regional:GetWebACLForResource\",\"waf-regional:AssociateWebACL\",\"waf-regional:DisassociateWebACL\",\"wafv2:GetWebACL\",\"wafv2:GetWebACLForResource\",\"wafv2:AssociateWebACL\",\"wafv2:DisassociateWebACL\",\"shield:GetSubscriptionState\",\"shield:DescribeProtection\",\"shield:CreateProtection\",\"shield:DeleteProtection\"],\"Effect\":\"Allow\",\"Resource\":\"*\"},{\"Action\":[\"ec2:AuthorizeSecurityGroupIngress\",\"ec2:RevokeSecurityGroupIngress\"],\"Effect\":\"Allow\",\"Resource\":\"*\"},{\"Action\":[\"ec2:CreateSecurityGroup\"],\"Effect\":\"Allow\",\"Resource\":\"*\"},{\"Action\":[\"ec2:CreateTags\"],\"Condition\":{\"Null\":{\"aws:RequestTag/elbv2.k8s.aws/cluster\":\"false\"},\"StringEquals\":{\"ec2:CreateAction\":\"CreateSecurityGroup\"}},\"Effect\":\"Allow\",\"Resource\":\"arn:aws:ec2:*:*:security-group/*\"},{\"Action\":[\"ec2:CreateTags\",\"ec2:DeleteTags\"],\"Condition\":{\"Null\":{\"aws:RequestTag/elbv2.k8s.aws/cluster\":\"true\",\"aws:ResourceTag/elbv2.k8s.aws/cluster\":\"false\"}},\"Effect\":\"Allow\",\"Resource\":\"arn:aws:ec2:*:*:security-group/*\"},{\"Action\":[\"ec2:AuthorizeSecurityGroupIngress\",\"ec2:RevokeSecurityGroupIngress\",\"ec2:DeleteSecurityGroup\"],\"Condition\":{\"Null\":{\"aws:ResourceTag/elbv2.k8s.aws/cluster\":\"false\"}},\"Effect\":\"Allow\",\"Resource\":\"*\"},{\"Action\":[\"elasticloadbalancing:CreateLoadBalancer\",\"elasticloadbalancing:CreateTargetGroup\"],\"Condition\":{\"Null\":{\"aws:RequestTag/elbv2.k8s.aws/cluster\":\"false\"}},\"Effect\":\"Allow\",\"Resource\":\"*\"},{\"Action\":[\"elasticloadbalancing:CreateListener\",\"elasticloadbalancing:DeleteListener\",\"elasticloadbalancing:CreateRule\",\"elasticloadbalancing:DeleteRule\"],\"Effect\":\"Allow\",\"Resource\":\"*\"},{\"Action\":[\"elasticloadbalancing:AddTags\",\"elasticloadbalancing:RemoveTags\"],\"Condition\":{\"Null\":{\"aws:RequestTag/elbv2.k8s.aws/cluster\":\"true\",\"aws:ResourceTag/elbv2.k8s.aws/cluster\":\"false\"}},\"Effect\":\"Allow\",\"Resource\":[\"arn:aws:elasticloadbalancing:*:*:targetgroup/*/*\",\"arn:aws:elasticloadbalancing:*:*:loadbalancer/net/*/*\",\"arn:aws:elasticloadbalancing:*:*:loadbalancer/app/*/*\"]},{\"Action\":[\"elasticloadbalancing:AddTags\",\"elasticloadbalancing:RemoveTags\"],\"Effect\":\"Allow\",\"Resource\":[\"arn:aws:elasticloadbalancing:*:*:listener/net/*/*/*\",\"arn:aws:elasticloadbalancing:*:*:listener/app/*/*/*\",\"arn:aws:elasticloadbalancing:*:*:listener-rule/net/*/*/*\",\"arn:aws:elasticloadbalancing:*:*:listener-rule/app/*/*/*\"]},{\"Action\":[\"elasticloadbalancing:ModifyLoadBalancerAttributes\",\"elasticloadbalancing:SetIpAddressType\",\"elasticloadbalancing:SetSecurityGroups\",\"elasticloadbalancing:SetSubnets\",\"elasticloadbalancing:DeleteLoadBalancer\",\"elasticloadbalancing:ModifyTargetGroup\",\"elasticloadbalancing:ModifyTargetGroupAttributes\",\"elasticloadbalancing:DeleteTargetGroup\"],\"Condition\":{\"Null\":{\"aws:ResourceTag/elbv2.k8s.aws/cluster\":\"false\"}},\"Effect\":\"Allow\",\"Resource\":\"*\"},{\"Action\":[\"elasticloadbalancing:RegisterTargets\",\"elasticloadbalancing:DeregisterTargets\"],\"Effect\":\"Allow\",\"Resource\":\"arn:aws:elasticloadbalancing:*:*:targetgroup/*/*\"},{\"Action\":[\"elasticloadbalancing:SetWebAcl\",\"elasticloadbalancing:ModifyListener\",\"elasticloadbalancing:AddListenerCertificates\",\"elasticloadbalancing:RemoveListenerCertificates\",\"elasticloadbalancing:ModifyRule\"],\"Effect\":\"Allow\",\"Resource\":\"*\"}],\"Version\":\"2012-10-17\"}",
            "policy_id": "ANPASPAP2IQFWNVS65RBH",
            "tags": {
              "Environment": "dev",
              "ManagedByTerraform": "true"
            },
            "tags_all": {
              "Environment": "dev",
              "ManagedByTerraform": "true"
            }
          },
          "sensitive_attributes": []
        }
      ]
    },
    {
      "mode": "managed",
      "type": "aws_iam_policy",
      "name": "test_eks_pr_687_posthog_dev_ebs_csi_driver20221020154249089600000015",
      "provider": "provider[\"registry.terraform.io/hashicorp/aws\"]",
      "instances": [
        {
          "schema_version": 0,
          "attributes": {
            "arn": "arn:aws:iam::169684386827:policy/test-eks-pr-687-posthog-dev-ebs-csi-driver20221020154249089600000015",
            "description": "Policy for AWS EBS CSI Driver",
            "id": "arn:aws:iam::169684386827:policy/test-eks-pr-687-posthog-dev-ebs-csi-driver20221020154249089600000015",
            "name": "test-eks-pr-687-posthog-dev-ebs-csi-driver20221020154249089600000015",
            "name_prefix": "test-eks-pr-687-posthog-dev-ebs-csi-driver",
            "path": "/",
            "policy": "{\"Statement\":[{\"Action\":[\"kms:RevokeGrant\",\"kms:ListGrants\",\"kms:CreateGrant\"],\"Condition\":{\"Bool\":{\"kms:GrantIsForAWSResource\":\"true\"}},\"Effect\":\"Allow\",\"Resource\":\"*\",\"Sid\":\"\"},{\"Action\":[\"kms:ReEncrypt*\",\"kms:GenerateDataKey*\",\"kms:Encrypt\",\"kms:DescribeKey\",\"kms:Decrypt\"],\"Effect\":\"Allow\",\"Resource\":\"*\",\"Sid\":\"\"}],\"Version\":\"2012-10-17\"}",
            "policy_id": "ANPASPAP2IQF5HALWS5FI",
            "tags": {
              "Environment": "dev",
              "ManagedByTerraform": "true"
            },
            "tags_all": {
              "Environment": "dev",
              "ManagedByTerraform": "true"
            }
          },
          "sensitive_attributes": []
        }
      ]
    },
    {
      "mode": "managed",
      "type": "aws_iam_policy",
      "name": "test_eks_pr_687_posthog_dev_external_dns2022102015424936800000001c",
      "provider": "provider[\"registry.terraform.io/hashicorp/aws\"]",
      "instances": [
        {
          "schema_version": 0,
          "attributes": {
            "arn": "arn:aws:iam::169684386827:policy/test-eks-pr-687-posthog-dev-external-dns2022102015424936800000001c",
            "description": "Route53 access policy for cluster test-eks-pr-687-posthog-dev",
            "id": "arn:aws:iam::169684386827:policy/test-eks-pr-687-posthog-dev-external-dns2022102015424936800000001c",
            "name": "test-eks-pr-687-posthog-dev-external-dns2022102015424936800000001c",
            "name_prefix": "test-eks-pr-687-posthog-dev-external-dns",
            "path": "/",
            "policy": "{\"Statement\":[{\"Action\":\"route53:ChangeResourceRecordSets\",\"Effect\":\"Allow\",\"Resource\":\"arn:aws:route53:::hostedzone/Z043900936DZ9G8H9I247\",\"Sid\":\"\"},{\"Action\":[\"route53:ListResourceRecordSets\",\"route53:ListHostedZones\"],\"Effect\":\"Allow\",\"Resource\":\"*\",\"Sid\":\"\"}],\"Version\":\"2012-10-17\"}",
            "policy_id": "ANPASPAP2IQF7NE2MBJ3W",
            "tags": {
              "Environment": "dev",
              "ManagedByTerraform": "true"
            },
            "tags_all": {
              "Environment": "dev",
              "ManagedByTerraform": "true"
            }
          },
          "sensitive_attributes": []
        }
      ]
    },
    {
      "mode": "managed",
      "type": "aws_iam_policy",
      "name": "test_eks_pr_687_posthog_dev_worker_autoscaling2022102015424954200000001d",
      "provider": "provider[\"registry.terraform.io/hashicorp/aws\"]",
      "instances": [
        {
          "schema_version": 0,
          "attributes": {
            "arn": "arn:aws:iam::169684386827:policy/test-eks-pr-687-posthog-dev-worker-autoscaling2022102015424954200000001d",
            "description": "EKS worker node autoscaling policy for cluster test-eks-pr-687-posthog-dev",
            "id": "arn:aws:iam::169684386827:policy/test-eks-pr-687-posthog-dev-worker-autoscaling2022102015424954200000001d",
            "name": "test-eks-pr-687-posthog-dev-worker-autoscaling2022102015424954200000001d",
            "name_prefix": "test-eks-pr-687-posthog-dev-worker-autoscaling",
            "path": "/",
            "policy": "{\"Statement\":[{\"Action\":[\"ec2:DescribeLaunchTemplateVersions\",\"ec2:DescribeInstanceTypes\",\"autoscaling:DescribeTags\",\"autoscaling:DescribeLaunchConfigurations\",\"autoscaling:DescribeAutoScalingInstances\",\"autoscaling:DescribeAutoScalingGroups\"],\"Effect\":\"Allow\",\"Resource\":\"*\",\"Sid\":\"eksWorkerAutoscalingAll\"},{\"Action\":[\"autoscaling:UpdateAutoScalingGroup\",\"autoscaling:TerminateInstanceInAutoScalingGroup\",\"autoscaling:SetDesiredCapacity\"],\"Condition\":{\"StringEquals\":{\"autoscaling:ResourceTag/k8s.io/cluster-autoscaler/enabled\":\"true\",\"autoscaling:ResourceTag/kubernetes.io/cluster/test-eks-pr-687-posthog-dev\":\"owned\"}},\"Effect\":\"Allow\",\"Resource\":\"*\",\"Sid\":\"eksWorkerAutoscalingOwn\"}],\"Version\":\"2012-10-17\"}",
            "policy_id": "ANPASPAP2IQFVWPRLDU2U",
            "tags": {
              "Environment": "dev",
              "ManagedByTerraform": "true"
            },
            "tags_all": {
              "Environment": "dev",
              "ManagedByTerraform": "true"
            }
          },
          "sensitive_attributes": []
        }
      ]
    },
    {
      "mode": "managed",
      "type": "aws_iam_policy",
      "name": "test_eks_pr_750_posthog_dev_AWSLoadBalancerControllerGlobalIAMPolicy",
      "provider": "provider[\"registry.terraform.io/hashicorp/aws\"]",
      "instances": [
        {
          "schema_version": 0,
          "attributes": {
            "arn": "arn:aws:iam::169684386827:policy/service/test-eks-pr-750-posthog-dev/test-eks-pr-750-posthog-dev-AWSLoadBalancerControllerGlobalIAMPolicy",
            "description": "Policy to allow aws-load-balancer-controller to list target groups and their health",
            "id": "arn:aws:iam::169684386827:policy/service/test-eks-pr-750-posthog-dev/test-eks-pr-750-posthog-dev-AWSLoadBalancerControllerGlobalIAMPolicy",
            "name": "test-eks-pr-750-posthog-dev-AWSLoadBalancerControllerGlobalIAMPolicy",
            "name_prefix": "",
            "path": "/service/test-eks-pr-750-posthog-dev/",
            "policy": "{\"Statement\":[{\"Action\":[\"iam:CreateServiceLinkedRole\",\"ec2:DescribeAccountAttributes\",\"ec2:DescribeAddresses\",\"ec2:DescribeAvailabilityZones\",\"ec2:DescribeInternetGateways\",\"ec2:DescribeVpcs\",\"ec2:DescribeSubnets\",\"ec2:DescribeSecurityGroups\",\"ec2:DescribeInstances\",\"ec2:DescribeNetworkInterfaces\",\"ec2:DescribeTags\",\"ec2:GetCoipPoolUsage\",\"ec2:DescribeCoipPools\",\"elasticloadbalancing:DescribeLoadBalancers\",\"elasticloadbalancing:DescribeLoadBalancerAttributes\",\"elasticloadbalancing:DescribeListeners\",\"elasticloadbalancing:DescribeListenerCertificates\",\"elasticloadbalancing:DescribeSSLPolicies\",\"elasticloadbalancing:DescribeRules\",\"elasticloadbalancing:DescribeTargetGroups\",\"elasticloadbalancing:DescribeTargetGroupAttributes\",\"elasticloadbalancing:DescribeTargetHealth\",\"elasticloadbalancing:DescribeTags\"],\"Effect\":\"Allow\",\"Resource\":\"*\"},{\"Action\":[\"cognito-idp:DescribeUserPoolClient\",\"acm:ListCertificates\",\"acm:DescribeCertificate\",\"iam:ListServerCertificates\",\"iam:GetServerCertificate\",\"waf-regional:GetWebACL\",\"waf-regional:GetWebACLForResource\",\"waf-regional:AssociateWebACL\",\"waf-regional:DisassociateWebACL\",\"wafv2:GetWebACL\",\"wafv2:GetWebACLForResource\",\"wafv2:AssociateWebACL\",\"wafv2:DisassociateWebACL\",\"shield:GetSubscriptionState\",\"shield:DescribeProtection\",\"shield:CreateProtection\",\"shield:DeleteProtection\"],\"Effect\":\"Allow\",\"Resource\":\"*\"},{\"Action\":[\"ec2:AuthorizeSecurityGroupIngress\",\"ec2:RevokeSecurityGroupIngress\"],\"Effect\":\"Allow\",\"Resource\":\"*\"},{\"Action\":[\"ec2:CreateSecurityGroup\"],\"Effect\":\"Allow\",\"Resource\":\"*\"},{\"Action\":[\"ec2:CreateTags\"],\"Condition\":{\"Null\":{\"aws:RequestTag/elbv2.k8s.aws/cluster\":\"false\"},\"StringEquals\":{\"ec2:CreateAction\":\"CreateSecurityGroup\"}},\"Effect\":\"Allow\",\"Resource\":\"arn:aws:ec2:*:*:security-group/*\"},{\"Action\":[\"ec2:CreateTags\",\"ec2:DeleteTags\"],\"Condition\":{\"Null\":{\"aws:RequestTag/elbv2.k8s.aws/cluster\":\"true\",\"aws:ResourceTag/elbv2.k8s.aws/cluster\":\"false\"}},\"Effect\":\"Allow\",\"Resource\":\"arn:aws:ec2:*:*:security-group/*\"},{\"Action\":[\"ec2:AuthorizeSecurityGroupIngress\",\"ec2:RevokeSecurityGroupIngress\",\"ec2:DeleteSecurityGroup\"],\"Condition\":{\"Null\":{\"aws:ResourceTag/elbv2.k8s.aws/cluster\":\"false\"}},\"Effect\":\"Allow\",\"Resource\":\"*\"},{\"Action\":[\"elasticloadbalancing:CreateLoadBalancer\",\"elasticloadbalancing:CreateTargetGroup\"],\"Condition\":{\"Null\":{\"aws:RequestTag/elbv2.k8s.aws/cluster\":\"false\"}},\"Effect\":\"Allow\",\"Resource\":\"*\"},{\"Action\":[\"elasticloadbalancing:CreateListener\",\"elasticloadbalancing:DeleteListener\",\"elasticloadbalancing:CreateRule\",\"elasticloadbalancing:DeleteRule\"],\"Effect\":\"Allow\",\"Resource\":\"*\"},{\"Action\":[\"elasticloadbalancing:AddTags\",\"elasticloadbalancing:RemoveTags\"],\"Condition\":{\"Null\":{\"aws:RequestTag/elbv2.k8s.aws/cluster\":\"true\",\"aws:ResourceTag/elbv2.k8s.aws/cluster\":\"false\"}},\"Effect\":\"Allow\",\"Resource\":[\"arn:aws:elasticloadbalancing:*:*:targetgroup/*/*\",\"arn:aws:elasticloadbalancing:*:*:loadbalancer/net/*/*\",\"arn:aws:elasticloadbalancing:*:*:loadbalancer/app/*/*\"]},{\"Action\":[\"elasticloadbalancing:AddTags\",\"elasticloadbalancing:RemoveTags\"],\"Effect\":\"Allow\",\"Resource\":[\"arn:aws:elasticloadbalancing:*:*:listener/net/*/*/*\",\"arn:aws:elasticloadbalancing:*:*:listener/app/*/*/*\",\"arn:aws:elasticloadbalancing:*:*:listener-rule/net/*/*/*\",\"arn:aws:elasticloadbalancing:*:*:listener-rule/app/*/*/*\"]},{\"Action\":[\"elasticloadbalancing:ModifyLoadBalancerAttributes\",\"elasticloadbalancing:SetIpAddressType\",\"elasticloadbalancing:SetSecurityGroups\",\"elasticloadbalancing:SetSubnets\",\"elasticloadbalancing:DeleteLoadBalancer\",\"elasticloadbalancing:ModifyTargetGroup\",\"elasticloadbalancing:ModifyTargetGroupAttributes\",\"elasticloadbalancing:DeleteTargetGroup\"],\"Condition\":{\"Null\":{\"aws:ResourceTag/elbv2.k8s.aws/cluster\":\"false\"}},\"Effect\":\"Allow\",\"Resource\":\"*\"},{\"Action\":[\"elasticloadbalancing:RegisterTargets\",\"elasticloadbalancing:DeregisterTargets\"],\"Effect\":\"Allow\",\"Resource\":\"arn:aws:elasticloadbalancing:*:*:targetgroup/*/*\"},{\"Action\":[\"elasticloadbalancing:SetWebAcl\",\"elasticloadbalancing:ModifyListener\",\"elasticloadbalancing:AddListenerCertificates\",\"elasticloadbalancing:RemoveListenerCertificates\",\"elasticloadbalancing:ModifyRule\"],\"Effect\":\"Allow\",\"Resource\":\"*\"}],\"Version\":\"2012-10-17\"}",
            "policy_id": "ANPASPAP2IQF5QMDW2PI2",
            "tags": {
              "Environment": "dev",
              "ManagedByTerraform": "true"
            },
            "tags_all": {
              "Environment": "dev",
              "ManagedByTerraform": "true"
            }
          },
          "sensitive_attributes": []
        }
      ]
    },
    {
      "mode": "managed",
      "type": "aws_iam_policy",
      "name": "test_eks_pr_750_posthog_dev_ebs_csi_driver20221102204545409600000015",
      "provider": "provider[\"registry.terraform.io/hashicorp/aws\"]",
      "instances": [
        {
          "schema_version": 0,
          "attributes": {
            "arn": "arn:aws:iam::169684386827:policy/test-eks-pr-750-posthog-dev-ebs-csi-driver20221102204545409600000015",
            "description": "Policy for AWS EBS CSI Driver",
            "id": "arn:aws:iam::169684386827:policy/test-eks-pr-750-posthog-dev-ebs-csi-driver20221102204545409600000015",
            "name": "test-eks-pr-750-posthog-dev-ebs-csi-driver20221102204545409600000015",
            "name_prefix": "test-eks-pr-750-posthog-dev-ebs-csi-driver",
            "path": "/",
            "policy": "{\"Statement\":[{\"Action\":[\"kms:RevokeGrant\",\"kms:ListGrants\",\"kms:CreateGrant\"],\"Condition\":{\"Bool\":{\"kms:GrantIsForAWSResource\":\"true\"}},\"Effect\":\"Allow\",\"Resource\":\"*\",\"Sid\":\"\"},{\"Action\":[\"kms:ReEncrypt*\",\"kms:GenerateDataKey*\",\"kms:Encrypt\",\"kms:DescribeKey\",\"kms:Decrypt\"],\"Effect\":\"Allow\",\"Resource\":\"*\",\"Sid\":\"\"}],\"Version\":\"2012-10-17\"}",
            "policy_id": "ANPASPAP2IQFWRWY75V3A",
            "tags": {
              "Environment": "dev",
              "ManagedByTerraform": "true"
            },
            "tags_all": {
              "Environment": "dev",
              "ManagedByTerraform": "true"
            }
          },
          "sensitive_attributes": []
        }
      ]
    },
    {
      "mode": "managed",
      "type": "aws_iam_policy",
      "name": "test_eks_pr_750_posthog_dev_external_dns2022110220454583930000001c",
      "provider": "provider[\"registry.terraform.io/hashicorp/aws\"]",
      "instances": [
        {
          "schema_version": 0,
          "attributes": {
            "arn": "arn:aws:iam::169684386827:policy/test-eks-pr-750-posthog-dev-external-dns2022110220454583930000001c",
            "description": "Route53 access policy for cluster test-eks-pr-750-posthog-dev",
            "id": "arn:aws:iam::169684386827:policy/test-eks-pr-750-posthog-dev-external-dns2022110220454583930000001c",
            "name": "test-eks-pr-750-posthog-dev-external-dns2022110220454583930000001c",
            "name_prefix": "test-eks-pr-750-posthog-dev-external-dns",
            "path": "/",
            "policy": "{\"Statement\":[{\"Action\":\"route53:ChangeResourceRecordSets\",\"Effect\":\"Allow\",\"Resource\":\"arn:aws:route53:::hostedzone/Z043900936DZ9G8H9I247\",\"Sid\":\"\"},{\"Action\":[\"route53:ListResourceRecordSets\",\"route53:ListHostedZones\"],\"Effect\":\"Allow\",\"Resource\":\"*\",\"Sid\":\"\"}],\"Version\":\"2012-10-17\"}",
            "policy_id": "ANPASPAP2IQFZ3Q3LT7WF",
            "tags": {
              "Environment": "dev",
              "ManagedByTerraform": "true"
            },
            "tags_all": {
              "Environment": "dev",
              "ManagedByTerraform": "true"
            }
          },
          "sensitive_attributes": []
        }
      ]
    },
    {
      "mode": "managed",
      "type": "aws_iam_policy",
      "name": "test_eks_pr_750_posthog_dev_worker_autoscaling2022110220454586770000001d",
      "provider": "provider[\"registry.terraform.io/hashicorp/aws\"]",
      "instances": [
        {
          "schema_version": 0,
          "attributes": {
            "arn": "arn:aws:iam::169684386827:policy/test-eks-pr-750-posthog-dev-worker-autoscaling2022110220454586770000001d",
            "description": "EKS worker node autoscaling policy for cluster test-eks-pr-750-posthog-dev",
            "id": "arn:aws:iam::169684386827:policy/test-eks-pr-750-posthog-dev-worker-autoscaling2022110220454586770000001d",
            "name": "test-eks-pr-750-posthog-dev-worker-autoscaling2022110220454586770000001d",
            "name_prefix": "test-eks-pr-750-posthog-dev-worker-autoscaling",
            "path": "/",
            "policy": "{\"Statement\":[{\"Action\":[\"ec2:DescribeLaunchTemplateVersions\",\"ec2:DescribeInstanceTypes\",\"autoscaling:DescribeTags\",\"autoscaling:DescribeLaunchConfigurations\",\"autoscaling:DescribeAutoScalingInstances\",\"autoscaling:DescribeAutoScalingGroups\"],\"Effect\":\"Allow\",\"Resource\":\"*\",\"Sid\":\"eksWorkerAutoscalingAll\"},{\"Action\":[\"autoscaling:UpdateAutoScalingGroup\",\"autoscaling:TerminateInstanceInAutoScalingGroup\",\"autoscaling:SetDesiredCapacity\"],\"Condition\":{\"StringEquals\":{\"autoscaling:ResourceTag/k8s.io/cluster-autoscaler/enabled\":\"true\",\"autoscaling:ResourceTag/kubernetes.io/cluster/test-eks-pr-750-posthog-dev\":\"owned\"}},\"Effect\":\"Allow\",\"Resource\":\"*\",\"Sid\":\"eksWorkerAutoscalingOwn\"}],\"Version\":\"2012-10-17\"}",
            "policy_id": "ANPASPAP2IQF2IZINZH3T",
            "tags": {
              "Environment": "dev",
              "ManagedByTerraform": "true"
            },
            "tags_all": {
              "Environment": "dev",
              "ManagedByTerraform": "true"
            }
          },
          "sensitive_attributes": []
        }
      ]
    },
    {
      "mode": "managed",
      "type": "aws_iam_policy",
      "name": "test_eks_pr_777_posthog_dev_AWSLoadBalancerControllerGlobalIAMPolicy",
      "provider": "provider[\"registry.terraform.io/hashicorp/aws\"]",
      "instances": [
        {
          "schema_version": 0,
          "attributes": {
            "arn": "arn:aws:iam::169684386827:policy/service/test-eks-pr-777-posthog-dev/test-eks-pr-777-posthog-dev-AWSLoadBalancerControllerGlobalIAMPolicy",
            "description": "Policy to allow aws-load-balancer-controller to list target groups and their health",
            "id": "arn:aws:iam::169684386827:policy/service/test-eks-pr-777-posthog-dev/test-eks-pr-777-posthog-dev-AWSLoadBalancerControllerGlobalIAMPolicy",
            "name": "test-eks-pr-777-posthog-dev-AWSLoadBalancerControllerGlobalIAMPolicy",
            "name_prefix": "",
            "path": "/service/test-eks-pr-777-posthog-dev/",
            "policy": "{\"Statement\":[{\"Action\":[\"iam:CreateServiceLinkedRole\",\"ec2:DescribeAccountAttributes\",\"ec2:DescribeAddresses\",\"ec2:DescribeAvailabilityZones\",\"ec2:DescribeInternetGateways\",\"ec2:DescribeVpcs\",\"ec2:DescribeSubnets\",\"ec2:DescribeSecurityGroups\",\"ec2:DescribeInstances\",\"ec2:DescribeNetworkInterfaces\",\"ec2:DescribeTags\",\"ec2:GetCoipPoolUsage\",\"ec2:DescribeCoipPools\",\"elasticloadbalancing:DescribeLoadBalancers\",\"elasticloadbalancing:DescribeLoadBalancerAttributes\",\"elasticloadbalancing:DescribeListeners\",\"elasticloadbalancing:DescribeListenerCertificates\",\"elasticloadbalancing:DescribeSSLPolicies\",\"elasticloadbalancing:DescribeRules\",\"elasticloadbalancing:DescribeTargetGroups\",\"elasticloadbalancing:DescribeTargetGroupAttributes\",\"elasticloadbalancing:DescribeTargetHealth\",\"elasticloadbalancing:DescribeTags\"],\"Effect\":\"Allow\",\"Resource\":\"*\"},{\"Action\":[\"cognito-idp:DescribeUserPoolClient\",\"acm:ListCertificates\",\"acm:DescribeCertificate\",\"iam:ListServerCertificates\",\"iam:GetServerCertificate\",\"waf-regional:GetWebACL\",\"waf-regional:GetWebACLForResource\",\"waf-regional:AssociateWebACL\",\"waf-regional:DisassociateWebACL\",\"wafv2:GetWebACL\",\"wafv2:GetWebACLForResource\",\"wafv2:AssociateWebACL\",\"wafv2:DisassociateWebACL\",\"shield:GetSubscriptionState\",\"shield:DescribeProtection\",\"shield:CreateProtection\",\"shield:DeleteProtection\"],\"Effect\":\"Allow\",\"Resource\":\"*\"},{\"Action\":[\"ec2:AuthorizeSecurityGroupIngress\",\"ec2:RevokeSecurityGroupIngress\"],\"Effect\":\"Allow\",\"Resource\":\"*\"},{\"Action\":[\"ec2:CreateSecurityGroup\"],\"Effect\":\"Allow\",\"Resource\":\"*\"},{\"Action\":[\"ec2:CreateTags\"],\"Condition\":{\"Null\":{\"aws:RequestTag/elbv2.k8s.aws/cluster\":\"false\"},\"StringEquals\":{\"ec2:CreateAction\":\"CreateSecurityGroup\"}},\"Effect\":\"Allow\",\"Resource\":\"arn:aws:ec2:*:*:security-group/*\"},{\"Action\":[\"ec2:CreateTags\",\"ec2:DeleteTags\"],\"Condition\":{\"Null\":{\"aws:RequestTag/elbv2.k8s.aws/cluster\":\"true\",\"aws:ResourceTag/elbv2.k8s.aws/cluster\":\"false\"}},\"Effect\":\"Allow\",\"Resource\":\"arn:aws:ec2:*:*:security-group/*\"},{\"Action\":[\"ec2:AuthorizeSecurityGroupIngress\",\"ec2:RevokeSecurityGroupIngress\",\"ec2:DeleteSecurityGroup\"],\"Condition\":{\"Null\":{\"aws:ResourceTag/elbv2.k8s.aws/cluster\":\"false\"}},\"Effect\":\"Allow\",\"Resource\":\"*\"},{\"Action\":[\"elasticloadbalancing:CreateLoadBalancer\",\"elasticloadbalancing:CreateTargetGroup\"],\"Condition\":{\"Null\":{\"aws:RequestTag/elbv2.k8s.aws/cluster\":\"false\"}},\"Effect\":\"Allow\",\"Resource\":\"*\"},{\"Action\":[\"elasticloadbalancing:CreateListener\",\"elasticloadbalancing:DeleteListener\",\"elasticloadbalancing:CreateRule\",\"elasticloadbalancing:DeleteRule\"],\"Effect\":\"Allow\",\"Resource\":\"*\"},{\"Action\":[\"elasticloadbalancing:AddTags\",\"elasticloadbalancing:RemoveTags\"],\"Condition\":{\"Null\":{\"aws:RequestTag/elbv2.k8s.aws/cluster\":\"true\",\"aws:ResourceTag/elbv2.k8s.aws/cluster\":\"false\"}},\"Effect\":\"Allow\",\"Resource\":[\"arn:aws:elasticloadbalancing:*:*:targetgroup/*/*\",\"arn:aws:elasticloadbalancing:*:*:loadbalancer/net/*/*\",\"arn:aws:elasticloadbalancing:*:*:loadbalancer/app/*/*\"]},{\"Action\":[\"elasticloadbalancing:AddTags\",\"elasticloadbalancing:RemoveTags\"],\"Effect\":\"Allow\",\"Resource\":[\"arn:aws:elasticloadbalancing:*:*:listener/net/*/*/*\",\"arn:aws:elasticloadbalancing:*:*:listener/app/*/*/*\",\"arn:aws:elasticloadbalancing:*:*:listener-rule/net/*/*/*\",\"arn:aws:elasticloadbalancing:*:*:listener-rule/app/*/*/*\"]},{\"Action\":[\"elasticloadbalancing:ModifyLoadBalancerAttributes\",\"elasticloadbalancing:SetIpAddressType\",\"elasticloadbalancing:SetSecurityGroups\",\"elasticloadbalancing:SetSubnets\",\"elasticloadbalancing:DeleteLoadBalancer\",\"elasticloadbalancing:ModifyTargetGroup\",\"elasticloadbalancing:ModifyTargetGroupAttributes\",\"elasticloadbalancing:DeleteTargetGroup\"],\"Condition\":{\"Null\":{\"aws:ResourceTag/elbv2.k8s.aws/cluster\":\"false\"}},\"Effect\":\"Allow\",\"Resource\":\"*\"},{\"Action\":[\"elasticloadbalancing:RegisterTargets\",\"elasticloadbalancing:DeregisterTargets\"],\"Effect\":\"Allow\",\"Resource\":\"arn:aws:elasticloadbalancing:*:*:targetgroup/*/*\"},{\"Action\":[\"elasticloadbalancing:SetWebAcl\",\"elasticloadbalancing:ModifyListener\",\"elasticloadbalancing:AddListenerCertificates\",\"elasticloadbalancing:RemoveListenerCertificates\",\"elasticloadbalancing:ModifyRule\"],\"Effect\":\"Allow\",\"Resource\":\"*\"}],\"Version\":\"2012-10-17\"}",
            "policy_id": "ANPASPAP2IQFV737AF6BA",
            "tags": {
              "Environment": "dev",
              "ManagedByTerraform": "true"
            },
            "tags_all": {
              "Environment": "dev",
              "ManagedByTerraform": "true"
            }
          },
          "sensitive_attributes": []
        }
      ]
    },
    {
      "mode": "managed",
      "type": "aws_iam_policy",
      "name": "test_eks_pr_777_posthog_dev_ebs_csi_driver20221110173536375100000015",
      "provider": "provider[\"registry.terraform.io/hashicorp/aws\"]",
      "instances": [
        {
          "schema_version": 0,
          "attributes": {
            "arn": "arn:aws:iam::169684386827:policy/test-eks-pr-777-posthog-dev-ebs-csi-driver20221110173536375100000015",
            "description": "Policy for AWS EBS CSI Driver",
            "id": "arn:aws:iam::169684386827:policy/test-eks-pr-777-posthog-dev-ebs-csi-driver20221110173536375100000015",
            "name": "test-eks-pr-777-posthog-dev-ebs-csi-driver20221110173536375100000015",
            "name_prefix": "test-eks-pr-777-posthog-dev-ebs-csi-driver",
            "path": "/",
            "policy": "{\"Statement\":[{\"Action\":[\"kms:RevokeGrant\",\"kms:ListGrants\",\"kms:CreateGrant\"],\"Condition\":{\"Bool\":{\"kms:GrantIsForAWSResource\":\"true\"}},\"Effect\":\"Allow\",\"Resource\":\"*\",\"Sid\":\"\"},{\"Action\":[\"kms:ReEncrypt*\",\"kms:GenerateDataKey*\",\"kms:Encrypt\",\"kms:DescribeKey\",\"kms:Decrypt\"],\"Effect\":\"Allow\",\"Resource\":\"*\",\"Sid\":\"\"}],\"Version\":\"2012-10-17\"}",
            "policy_id": "ANPASPAP2IQF34X7LJDNG",
            "tags": {
              "Environment": "dev",
              "ManagedByTerraform": "true"
            },
            "tags_all": {
              "Environment": "dev",
              "ManagedByTerraform": "true"
            }
          },
          "sensitive_attributes": []
        }
      ]
    },
    {
      "mode": "managed",
      "type": "aws_iam_policy",
      "name": "test_eks_pr_777_posthog_dev_external_dns2022111017353662040000001c",
      "provider": "provider[\"registry.terraform.io/hashicorp/aws\"]",
      "instances": [
        {
          "schema_version": 0,
          "attributes": {
            "arn": "arn:aws:iam::169684386827:policy/test-eks-pr-777-posthog-dev-external-dns2022111017353662040000001c",
            "description": "Route53 access policy for cluster test-eks-pr-777-posthog-dev",
            "id": "arn:aws:iam::169684386827:policy/test-eks-pr-777-posthog-dev-external-dns2022111017353662040000001c",
            "name": "test-eks-pr-777-posthog-dev-external-dns2022111017353662040000001c",
            "name_prefix": "test-eks-pr-777-posthog-dev-external-dns",
            "path": "/",
            "policy": "{\"Statement\":[{\"Action\":\"route53:ChangeResourceRecordSets\",\"Effect\":\"Allow\",\"Resource\":\"arn:aws:route53:::hostedzone/Z043900936DZ9G8H9I247\",\"Sid\":\"\"},{\"Action\":[\"route53:ListResourceRecordSets\",\"route53:ListHostedZones\"],\"Effect\":\"Allow\",\"Resource\":\"*\",\"Sid\":\"\"}],\"Version\":\"2012-10-17\"}",
            "policy_id": "ANPASPAP2IQFZTL5KDY4C",
            "tags": {
              "Environment": "dev",
              "ManagedByTerraform": "true"
            },
            "tags_all": {
              "Environment": "dev",
              "ManagedByTerraform": "true"
            }
          },
          "sensitive_attributes": []
        }
      ]
    },
    {
      "mode": "managed",
      "type": "aws_iam_policy",
      "name": "test_eks_pr_777_posthog_dev_worker_autoscaling2022111017353672430000001d",
      "provider": "provider[\"registry.terraform.io/hashicorp/aws\"]",
      "instances": [
        {
          "schema_version": 0,
          "attributes": {
            "arn": "arn:aws:iam::169684386827:policy/test-eks-pr-777-posthog-dev-worker-autoscaling2022111017353672430000001d",
            "description": "EKS worker node autoscaling policy for cluster test-eks-pr-777-posthog-dev",
            "id": "arn:aws:iam::169684386827:policy/test-eks-pr-777-posthog-dev-worker-autoscaling2022111017353672430000001d",
            "name": "test-eks-pr-777-posthog-dev-worker-autoscaling2022111017353672430000001d",
            "name_prefix": "test-eks-pr-777-posthog-dev-worker-autoscaling",
            "path": "/",
            "policy": "{\"Statement\":[{\"Action\":[\"ec2:DescribeLaunchTemplateVersions\",\"ec2:DescribeInstanceTypes\",\"autoscaling:DescribeTags\",\"autoscaling:DescribeLaunchConfigurations\",\"autoscaling:DescribeAutoScalingInstances\",\"autoscaling:DescribeAutoScalingGroups\"],\"Effect\":\"Allow\",\"Resource\":\"*\",\"Sid\":\"eksWorkerAutoscalingAll\"},{\"Action\":[\"autoscaling:UpdateAutoScalingGroup\",\"autoscaling:TerminateInstanceInAutoScalingGroup\",\"autoscaling:SetDesiredCapacity\"],\"Condition\":{\"StringEquals\":{\"autoscaling:ResourceTag/k8s.io/cluster-autoscaler/enabled\":\"true\",\"autoscaling:ResourceTag/kubernetes.io/cluster/test-eks-pr-777-posthog-dev\":\"owned\"}},\"Effect\":\"Allow\",\"Resource\":\"*\",\"Sid\":\"eksWorkerAutoscalingOwn\"}],\"Version\":\"2012-10-17\"}",
            "policy_id": "ANPASPAP2IQF4SV3JPTA2",
            "tags": {
              "Environment": "dev",
              "ManagedByTerraform": "true"
            },
            "tags_all": {
              "Environment": "dev",
              "ManagedByTerraform": "true"
            }
          },
          "sensitive_attributes": []
        }
      ]
    },
    {
      "mode": "managed",
      "type": "aws_iam_policy",
      "name": "test_eks_pr_993_posthog_dev_AWSLoadBalancerControllerGlobalIAMPolicy",
      "provider": "provider[\"registry.terraform.io/hashicorp/aws\"]",
      "instances": [
        {
          "schema_version": 0,
          "attributes": {
            "arn": "arn:aws:iam::169684386827:policy/service/test-eks-pr-993-posthog-dev/test-eks-pr-993-posthog-dev-AWSLoadBalancerControllerGlobalIAMPolicy",
            "description": "Policy to allow aws-load-balancer-controller to list target groups and their health",
            "id": "arn:aws:iam::169684386827:policy/service/test-eks-pr-993-posthog-dev/test-eks-pr-993-posthog-dev-AWSLoadBalancerControllerGlobalIAMPolicy",
            "name": "test-eks-pr-993-posthog-dev-AWSLoadBalancerControllerGlobalIAMPolicy",
            "name_prefix": "",
            "path": "/service/test-eks-pr-993-posthog-dev/",
            "policy": "{\"Statement\":[{\"Action\":[\"iam:CreateServiceLinkedRole\",\"ec2:DescribeAccountAttributes\",\"ec2:DescribeAddresses\",\"ec2:DescribeAvailabilityZones\",\"ec2:DescribeInternetGateways\",\"ec2:DescribeVpcs\",\"ec2:DescribeSubnets\",\"ec2:DescribeSecurityGroups\",\"ec2:DescribeInstances\",\"ec2:DescribeNetworkInterfaces\",\"ec2:DescribeTags\",\"ec2:GetCoipPoolUsage\",\"ec2:DescribeCoipPools\",\"elasticloadbalancing:DescribeLoadBalancers\",\"elasticloadbalancing:DescribeLoadBalancerAttributes\",\"elasticloadbalancing:DescribeListeners\",\"elasticloadbalancing:DescribeListenerCertificates\",\"elasticloadbalancing:DescribeSSLPolicies\",\"elasticloadbalancing:DescribeRules\",\"elasticloadbalancing:DescribeTargetGroups\",\"elasticloadbalancing:DescribeTargetGroupAttributes\",\"elasticloadbalancing:DescribeTargetHealth\",\"elasticloadbalancing:DescribeTags\"],\"Effect\":\"Allow\",\"Resource\":\"*\"},{\"Action\":[\"cognito-idp:DescribeUserPoolClient\",\"acm:ListCertificates\",\"acm:DescribeCertificate\",\"iam:ListServerCertificates\",\"iam:GetServerCertificate\",\"waf-regional:GetWebACL\",\"waf-regional:GetWebACLForResource\",\"waf-regional:AssociateWebACL\",\"waf-regional:DisassociateWebACL\",\"wafv2:GetWebACL\",\"wafv2:GetWebACLForResource\",\"wafv2:AssociateWebACL\",\"wafv2:DisassociateWebACL\",\"shield:GetSubscriptionState\",\"shield:DescribeProtection\",\"shield:CreateProtection\",\"shield:DeleteProtection\"],\"Effect\":\"Allow\",\"Resource\":\"*\"},{\"Action\":[\"ec2:AuthorizeSecurityGroupIngress\",\"ec2:RevokeSecurityGroupIngress\"],\"Effect\":\"Allow\",\"Resource\":\"*\"},{\"Action\":[\"ec2:CreateSecurityGroup\"],\"Effect\":\"Allow\",\"Resource\":\"*\"},{\"Action\":[\"ec2:CreateTags\"],\"Condition\":{\"Null\":{\"aws:RequestTag/elbv2.k8s.aws/cluster\":\"false\"},\"StringEquals\":{\"ec2:CreateAction\":\"CreateSecurityGroup\"}},\"Effect\":\"Allow\",\"Resource\":\"arn:aws:ec2:*:*:security-group/*\"},{\"Action\":[\"ec2:CreateTags\",\"ec2:DeleteTags\"],\"Condition\":{\"Null\":{\"aws:RequestTag/elbv2.k8s.aws/cluster\":\"true\",\"aws:ResourceTag/elbv2.k8s.aws/cluster\":\"false\"}},\"Effect\":\"Allow\",\"Resource\":\"arn:aws:ec2:*:*:security-group/*\"},{\"Action\":[\"ec2:AuthorizeSecurityGroupIngress\",\"ec2:RevokeSecurityGroupIngress\",\"ec2:DeleteSecurityGroup\"],\"Condition\":{\"Null\":{\"aws:ResourceTag/elbv2.k8s.aws/cluster\":\"false\"}},\"Effect\":\"Allow\",\"Resource\":\"*\"},{\"Action\":[\"elasticloadbalancing:CreateLoadBalancer\",\"elasticloadbalancing:CreateTargetGroup\"],\"Condition\":{\"Null\":{\"aws:RequestTag/elbv2.k8s.aws/cluster\":\"false\"}},\"Effect\":\"Allow\",\"Resource\":\"*\"},{\"Action\":[\"elasticloadbalancing:CreateListener\",\"elasticloadbalancing:DeleteListener\",\"elasticloadbalancing:CreateRule\",\"elasticloadbalancing:DeleteRule\"],\"Effect\":\"Allow\",\"Resource\":\"*\"},{\"Action\":[\"elasticloadbalancing:AddTags\",\"elasticloadbalancing:RemoveTags\"],\"Condition\":{\"Null\":{\"aws:RequestTag/elbv2.k8s.aws/cluster\":\"true\",\"aws:ResourceTag/elbv2.k8s.aws/cluster\":\"false\"}},\"Effect\":\"Allow\",\"Resource\":[\"arn:aws:elasticloadbalancing:*:*:targetgroup/*/*\",\"arn:aws:elasticloadbalancing:*:*:loadbalancer/net/*/*\",\"arn:aws:elasticloadbalancing:*:*:loadbalancer/app/*/*\"]},{\"Action\":[\"elasticloadbalancing:AddTags\",\"elasticloadbalancing:RemoveTags\"],\"Effect\":\"Allow\",\"Resource\":[\"arn:aws:elasticloadbalancing:*:*:listener/net/*/*/*\",\"arn:aws:elasticloadbalancing:*:*:listener/app/*/*/*\",\"arn:aws:elasticloadbalancing:*:*:listener-rule/net/*/*/*\",\"arn:aws:elasticloadbalancing:*:*:listener-rule/app/*/*/*\"]},{\"Action\":[\"elasticloadbalancing:ModifyLoadBalancerAttributes\",\"elasticloadbalancing:SetIpAddressType\",\"elasticloadbalancing:SetSecurityGroups\",\"elasticloadbalancing:SetSubnets\",\"elasticloadbalancing:DeleteLoadBalancer\",\"elasticloadbalancing:ModifyTargetGroup\",\"elasticloadbalancing:ModifyTargetGroupAttributes\",\"elasticloadbalancing:DeleteTargetGroup\"],\"Condition\":{\"Null\":{\"aws:ResourceTag/elbv2.k8s.aws/cluster\":\"false\"}},\"Effect\":\"Allow\",\"Resource\":\"*\"},{\"Action\":[\"elasticloadbalancing:RegisterTargets\",\"elasticloadbalancing:DeregisterTargets\"],\"Effect\":\"Allow\",\"Resource\":\"arn:aws:elasticloadbalancing:*:*:targetgroup/*/*\"},{\"Action\":[\"elasticloadbalancing:SetWebAcl\",\"elasticloadbalancing:ModifyListener\",\"elasticloadbalancing:AddListenerCertificates\",\"elasticloadbalancing:RemoveListenerCertificates\",\"elasticloadbalancing:ModifyRule\"],\"Effect\":\"Allow\",\"Resource\":\"*\"}],\"Version\":\"2012-10-17\"}",
            "policy_id": "ANPASPAP2IQFSLHFY6CSH",
            "tags": {
              "Environment": "dev",
              "ManagedByTerraform": "true"
            },
            "tags_all": {
              "Environment": "dev",
              "ManagedByTerraform": "true"
            }
          },
          "sensitive_attributes": []
        }
      ]
    },
    {
      "mode": "managed",
      "type": "aws_iam_policy",
      "name": "test_eks_pr_993_posthog_dev_ebs_csi_driver20230124160937644100000024",
      "provider": "provider[\"registry.terraform.io/hashicorp/aws\"]",
      "instances": [
        {
          "schema_version": 0,
          "attributes": {
            "arn": "arn:aws:iam::169684386827:policy/test-eks-pr-993-posthog-dev-ebs-csi-driver20230124160937644100000024",
            "description": "Policy for AWS EBS CSI Driver",
            "id": "arn:aws:iam::169684386827:policy/test-eks-pr-993-posthog-dev-ebs-csi-driver20230124160937644100000024",
            "name": "test-eks-pr-993-posthog-dev-ebs-csi-driver20230124160937644100000024",
            "name_prefix": "test-eks-pr-993-posthog-dev-ebs-csi-driver",
            "path": "/",
            "policy": "{\"Statement\":[{\"Action\":[\"kms:RevokeGrant\",\"kms:ListGrants\",\"kms:CreateGrant\"],\"Condition\":{\"Bool\":{\"kms:GrantIsForAWSResource\":\"true\"}},\"Effect\":\"Allow\",\"Resource\":\"*\",\"Sid\":\"\"},{\"Action\":[\"kms:ReEncrypt*\",\"kms:GenerateDataKey*\",\"kms:Encrypt\",\"kms:DescribeKey\",\"kms:Decrypt\"],\"Effect\":\"Allow\",\"Resource\":\"*\",\"Sid\":\"\"}],\"Version\":\"2012-10-17\"}",
            "policy_id": "ANPASPAP2IQFZWMJOW2MQ",
            "tags": {
              "Environment": "dev",
              "ManagedByTerraform": "true"
            },
            "tags_all": {
              "Environment": "dev",
              "ManagedByTerraform": "true"
            }
          },
          "sensitive_attributes": []
        }
      ]
    },
    {
      "mode": "managed",
      "type": "aws_iam_policy",
      "name": "test_eks_pr_993_posthog_dev_external_dns20230124160938054400000031",
      "provider": "provider[\"registry.terraform.io/hashicorp/aws\"]",
      "instances": [
        {
          "schema_version": 0,
          "attributes": {
            "arn": "arn:aws:iam::169684386827:policy/test-eks-pr-993-posthog-dev-external-dns20230124160938054400000031",
            "description": "Route53 access policy for cluster test-eks-pr-993-posthog-dev",
            "id": "arn:aws:iam::169684386827:policy/test-eks-pr-993-posthog-dev-external-dns20230124160938054400000031",
            "name": "test-eks-pr-993-posthog-dev-external-dns20230124160938054400000031",
            "name_prefix": "test-eks-pr-993-posthog-dev-external-dns",
            "path": "/",
            "policy": "{\"Statement\":[{\"Action\":\"route53:ChangeResourceRecordSets\",\"Effect\":\"Allow\",\"Resource\":\"arn:aws:route53:::hostedzone/Z043900936DZ9G8H9I247\",\"Sid\":\"\"},{\"Action\":[\"route53:ListResourceRecordSets\",\"route53:ListHostedZones\"],\"Effect\":\"Allow\",\"Resource\":\"*\",\"Sid\":\"\"}],\"Version\":\"2012-10-17\"}",
            "policy_id": "ANPASPAP2IQF2AO3GWKWX",
            "tags": {
              "Environment": "dev",
              "ManagedByTerraform": "true"
            },
            "tags_all": {
              "Environment": "dev",
              "ManagedByTerraform": "true"
            }
          },
          "sensitive_attributes": []
        }
      ]
    },
    {
      "mode": "managed",
      "type": "aws_iam_policy",
      "name": "test_eks_pr_993_posthog_dev_worker_autoscaling20230124160938416600000032",
      "provider": "provider[\"registry.terraform.io/hashicorp/aws\"]",
      "instances": [
        {
          "schema_version": 0,
          "attributes": {
            "arn": "arn:aws:iam::169684386827:policy/test-eks-pr-993-posthog-dev-worker-autoscaling20230124160938416600000032",
            "description": "EKS worker node autoscaling policy for cluster test-eks-pr-993-posthog-dev",
            "id": "arn:aws:iam::169684386827:policy/test-eks-pr-993-posthog-dev-worker-autoscaling20230124160938416600000032",
            "name": "test-eks-pr-993-posthog-dev-worker-autoscaling20230124160938416600000032",
            "name_prefix": "test-eks-pr-993-posthog-dev-worker-autoscaling",
            "path": "/",
            "policy": "{\"Statement\":[{\"Action\":[\"ec2:DescribeLaunchTemplateVersions\",\"ec2:DescribeInstanceTypes\",\"autoscaling:DescribeTags\",\"autoscaling:DescribeLaunchConfigurations\",\"autoscaling:DescribeAutoScalingInstances\",\"autoscaling:DescribeAutoScalingGroups\"],\"Effect\":\"Allow\",\"Resource\":\"*\",\"Sid\":\"eksWorkerAutoscalingAll\"},{\"Action\":[\"autoscaling:UpdateAutoScalingGroup\",\"autoscaling:TerminateInstanceInAutoScalingGroup\",\"autoscaling:SetDesiredCapacity\"],\"Condition\":{\"StringEquals\":{\"autoscaling:ResourceTag/k8s.io/cluster-autoscaler/enabled\":\"true\",\"autoscaling:ResourceTag/kubernetes.io/cluster/test-eks-pr-993-posthog-dev\":\"owned\"}},\"Effect\":\"Allow\",\"Resource\":\"*\",\"Sid\":\"eksWorkerAutoscalingOwn\"}],\"Version\":\"2012-10-17\"}",
            "policy_id": "ANPASPAP2IQFY5AOLQ6DE",
            "tags": {
              "Environment": "dev",
              "ManagedByTerraform": "true"
            },
            "tags_all": {
              "Environment": "dev",
              "ManagedByTerraform": "true"
            }
          },
          "sensitive_attributes": []
        }
      ]
    },
    {
      "mode": "managed",
      "type": "aws_iam_policy",
      "name": "xvello_export_test",
      "provider": "provider[\"registry.terraform.io/hashicorp/aws\"]",
      "instances": [
        {
          "schema_version": 0,
          "attributes": {
            "arn": "arn:aws:iam::169684386827:policy/xvello-export-test",
            "description": "",
            "id": "arn:aws:iam::169684386827:policy/xvello-export-test",
            "name": "xvello-export-test",
            "name_prefix": "",
            "path": "/",
            "policy": "{\"Statement\":[{\"Action\":[\"s3:PutObject\",\"s3:PutObjectAcl\"],\"Effect\":\"Allow\",\"Resource\":\"arn:aws:s3:::xvello-export-test/*\",\"Sid\":\"VisualEditor0\"}],\"Version\":\"2012-10-17\"}",
            "policy_id": "ANPASPAP2IQFZIOOXMTQI",
            "tags": {
              "owner": "xvello"
            },
            "tags_all": {
              "owner": "xvello"
            }
          },
          "sensitive_attributes": []
        }
      ]
    },
    {
      "mode": "managed",
      "type": "aws_iam_role",
      "name": "AWSReservedSSO_administrators_0904d7a089e60584",
      "provider": "provider[\"registry.terraform.io/hashicorp/aws\"]",
      "instances": [
        {
          "schema_version": 0,
          "attributes": {
            "arn": "arn:aws:iam::169684386827:role/aws-reserved/sso.amazonaws.com/AWSReservedSSO_administrators_0904d7a089e60584",
            "assume_role_policy": "{\"Version\": \"2012-10-17\", \"Statement\": [{\"Effect\": \"Allow\", \"Principal\": {\"Federated\": \"arn:aws:iam::169684386827:saml-provider/AWSSSO_c3353b8cf127d54f_DO_NOT_DELETE\"}, \"Action\": [\"sts:AssumeRoleWithSAML\", \"sts:TagSession\"], \"Condition\": {\"StringEquals\": {\"SAML:aud\": \"https://signin.aws.amazon.com/saml\"}}}]}",
            "create_date": "2023-02-20T16:15:31Z",
            "description": "PermissionSet for administrators to AWS resources.",
            "force_detach_policies": null,
            "id": "AWSReservedSSO_administrators_0904d7a089e60584",
            "inline_policy": [],
            "managed_policy_arns": [
              "arn:aws:iam::aws:policy/AdministratorAccess"
            ],
            "max_session_duration": 43200,
            "name": "AWSReservedSSO_administrators_0904d7a089e60584",
            "name_prefix": "",
            "path": "/aws-reserved/sso.amazonaws.com/",
            "permissions_boundary": null,
            "tags": {},
            "tags_all": {},
            "unique_id": "AROASPAP2IQF2VLUOBHEV"
          },
          "sensitive_attributes": []
        }
      ]
    },
    {
      "mode": "managed",
      "type": "aws_iam_role",
      "name": "AWSReservedSSO_developers_0847e649a00cc5e7",
      "provider": "provider[\"registry.terraform.io/hashicorp/aws\"]",
      "instances": [
        {
          "schema_version": 0,
          "attributes": {
            "arn": "arn:aws:iam::169684386827:role/aws-reserved/sso.amazonaws.com/AWSReservedSSO_developers_0847e649a00cc5e7",
            "assume_role_policy": "{\"Version\": \"2012-10-17\", \"Statement\": [{\"Effect\": \"Allow\", \"Principal\": {\"Federated\": \"arn:aws:iam::169684386827:saml-provider/AWSSSO_c3353b8cf127d54f_DO_NOT_DELETE\"}, \"Action\": [\"sts:AssumeRoleWithSAML\", \"sts:TagSession\"], \"Condition\": {\"StringEquals\": {\"SAML:aud\": \"https://signin.aws.amazon.com/saml\"}}}]}",
            "create_date": "2023-02-20T16:15:43Z",
            "description": "PermissionSet for developers to AWS resources.",
            "force_detach_policies": null,
            "id": "AWSReservedSSO_developers_0847e649a00cc5e7",
            "inline_policy": [],
            "managed_policy_arns": [
              "arn:aws:iam::aws:policy/PowerUserAccess"
            ],
            "max_session_duration": 43200,
            "name": "AWSReservedSSO_developers_0847e649a00cc5e7",
            "name_prefix": "",
            "path": "/aws-reserved/sso.amazonaws.com/",
            "permissions_boundary": null,
            "tags": {},
            "tags_all": {},
            "unique_id": "AROASPAP2IQFUKBAOP6PY"
          },
          "sensitive_attributes": []
        }
      ]
    },
    {
      "mode": "managed",
      "type": "aws_iam_role",
      "name": "AWSServiceRoleForAmazonEKS",
      "provider": "provider[\"registry.terraform.io/hashicorp/aws\"]",
      "instances": [
        {
          "schema_version": 0,
          "attributes": {
            "arn": "arn:aws:iam::169684386827:role/aws-service-role/eks.amazonaws.com/AWSServiceRoleForAmazonEKS",
            "assume_role_policy": "{\"Version\": \"2012-10-17\", \"Statement\": [{\"Effect\": \"Allow\", \"Principal\": {\"Service\": \"eks.amazonaws.com\"}, \"Action\": \"sts:AssumeRole\"}]}",
            "create_date": "2022-04-29T11:28:38Z",
            "description": "Allows Amazon EKS to call AWS services on your behalf.",
            "force_detach_policies": null,
            "id": "AWSServiceRoleForAmazonEKS",
            "inline_policy": [],
            "managed_policy_arns": [
              "arn:aws:iam::aws:policy/aws-service-role/AmazonEKSServiceRolePolicy"
            ],
            "max_session_duration": 3600,
            "name": "AWSServiceRoleForAmazonEKS",
            "name_prefix": "",
            "path": "/aws-service-role/eks.amazonaws.com/",
            "permissions_boundary": null,
            "tags": {},
            "tags_all": {},
            "unique_id": "AROASPAP2IQF6K2QCBCFB"
          },
          "sensitive_attributes": []
        }
      ]
    },
    {
      "mode": "managed",
      "type": "aws_iam_role",
      "name": "AWSServiceRoleForAmazonEKSForFargate",
      "provider": "provider[\"registry.terraform.io/hashicorp/aws\"]",
      "instances": [
        {
          "schema_version": 0,
          "attributes": {
            "arn": "arn:aws:iam::169684386827:role/aws-service-role/eks-fargate.amazonaws.com/AWSServiceRoleForAmazonEKSForFargate",
            "assume_role_policy": "{\"Version\": \"2012-10-17\", \"Statement\": [{\"Effect\": \"Allow\", \"Principal\": {\"Service\": \"eks-fargate.amazonaws.com\"}, \"Action\": \"sts:AssumeRole\"}]}",
            "create_date": "2022-05-03T10:54:16Z",
            "description": "This policy grants necessary permissions to Amazon EKS to run fargate tasks",
            "force_detach_policies": null,
            "id": "AWSServiceRoleForAmazonEKSForFargate",
            "inline_policy": [],
            "managed_policy_arns": [
              "arn:aws:iam::aws:policy/aws-service-role/AmazonEKSForFargateServiceRolePolicy"
            ],
            "max_session_duration": 3600,
            "name": "AWSServiceRoleForAmazonEKSForFargate",
            "name_prefix": "",
            "path": "/aws-service-role/eks-fargate.amazonaws.com/",
            "permissions_boundary": null,
            "tags": {},
            "tags_all": {},
            "unique_id": "AROASPAP2IQF5XTSHDMMX"
          },
          "sensitive_attributes": []
        }
      ]
    },
    {
      "mode": "managed",
      "type": "aws_iam_role",
      "name": "AWSServiceRoleForAmazonEKSNodegroup",
      "provider": "provider[\"registry.terraform.io/hashicorp/aws\"]",
      "instances": [
        {
          "schema_version": 0,
          "attributes": {
            "arn": "arn:aws:iam::169684386827:role/aws-service-role/eks-nodegroup.amazonaws.com/AWSServiceRoleForAmazonEKSNodegroup",
            "assume_role_policy": "{\"Version\": \"2012-10-17\", \"Statement\": [{\"Effect\": \"Allow\", \"Principal\": {\"Service\": \"eks-nodegroup.amazonaws.com\"}, \"Action\": \"sts:AssumeRole\"}]}",
            "create_date": "2022-04-29T11:41:08Z",
            "description": "This policy allows Amazon EKS to create and manage Nodegroups",
            "force_detach_policies": null,
            "id": "AWSServiceRoleForAmazonEKSNodegroup",
            "inline_policy": [],
            "managed_policy_arns": [
              "arn:aws:iam::aws:policy/aws-service-role/AWSServiceRoleForAmazonEKSNodegroup"
            ],
            "max_session_duration": 3600,
            "name": "AWSServiceRoleForAmazonEKSNodegroup",
            "name_prefix": "",
            "path": "/aws-service-role/eks-nodegroup.amazonaws.com/",
            "permissions_boundary": null,
            "tags": {},
            "tags_all": {},
            "unique_id": "AROASPAP2IQFZCTETYLKQ"
          },
          "sensitive_attributes": []
        }
      ]
    },
    {
      "mode": "managed",
      "type": "aws_iam_role",
      "name": "AWSServiceRoleForAmazonGuardDuty",
      "provider": "provider[\"registry.terraform.io/hashicorp/aws\"]",
      "instances": [
        {
          "schema_version": 0,
          "attributes": {
            "arn": "arn:aws:iam::169684386827:role/aws-service-role/guardduty.amazonaws.com/AWSServiceRoleForAmazonGuardDuty",
            "assume_role_policy": "{\"Version\": \"2012-10-17\", \"Statement\": [{\"Effect\": \"Allow\", \"Principal\": {\"Service\": \"guardduty.amazonaws.com\"}, \"Action\": \"sts:AssumeRole\"}]}",
            "create_date": "2022-05-30T15:30:48Z",
            "description": "",
            "force_detach_policies": null,
            "id": "AWSServiceRoleForAmazonGuardDuty",
            "inline_policy": [],
            "managed_policy_arns": [
              "arn:aws:iam::aws:policy/aws-service-role/AmazonGuardDutyServiceRolePolicy"
            ],
            "max_session_duration": 3600,
            "name": "AWSServiceRoleForAmazonGuardDuty",
            "name_prefix": "",
            "path": "/aws-service-role/guardduty.amazonaws.com/",
            "permissions_boundary": null,
            "tags": {},
            "tags_all": {},
            "unique_id": "AROASPAP2IQFRQ6OGV2SP"
          },
          "sensitive_attributes": []
        }
      ]
    },
    {
      "mode": "managed",
      "type": "aws_iam_role",
      "name": "AWSServiceRoleForAmazonSSM",
      "provider": "provider[\"registry.terraform.io/hashicorp/aws\"]",
      "instances": [
        {
          "schema_version": 0,
          "attributes": {
            "arn": "arn:aws:iam::169684386827:role/aws-service-role/ssm.amazonaws.com/AWSServiceRoleForAmazonSSM",
            "assume_role_policy": "{\"Version\": \"2012-10-17\", \"Statement\": [{\"Effect\": \"Allow\", \"Principal\": {\"Service\": \"ssm.amazonaws.com\"}, \"Action\": \"sts:AssumeRole\"}]}",
            "create_date": "2023-03-24T14:51:42Z",
            "description": "Provides access to AWS Resources managed or used by Amazon SSM.",
            "force_detach_policies": null,
            "id": "AWSServiceRoleForAmazonSSM",
            "inline_policy": [],
            "managed_policy_arns": [
              "arn:aws:iam::aws:policy/aws-service-role/AmazonSSMServiceRolePolicy"
            ],
            "max_session_duration": 3600,
            "name": "AWSServiceRoleForAmazonSSM",
            "name_prefix": "",
            "path": "/aws-service-role/ssm.amazonaws.com/",
            "permissions_boundary": null,
            "tags": {},
            "tags_all": {},
            "unique_id": "AROASPAP2IQFUYYCWZCSA"
          },
          "sensitive_attributes": []
        }
      ]
    },
    {
      "mode": "managed",
      "type": "aws_iam_role",
      "name": "AWSServiceRoleForAutoScaling",
      "provider": "provider[\"registry.terraform.io/hashicorp/aws\"]",
      "instances": [
        {
          "schema_version": 0,
          "attributes": {
            "arn": "arn:aws:iam::169684386827:role/aws-service-role/autoscaling.amazonaws.com/AWSServiceRoleForAutoScaling",
            "assume_role_policy": "{\"Version\": \"2012-10-17\", \"Statement\": [{\"Effect\": \"Allow\", \"Principal\": {\"Service\": \"autoscaling.amazonaws.com\"}, \"Action\": \"sts:AssumeRole\"}]}",
            "create_date": "2022-04-29T11:41:29Z",
            "description": "Default Service-Linked Role enables access to AWS Services and Resources used or managed by Auto Scaling",
            "force_detach_policies": null,
            "id": "AWSServiceRoleForAutoScaling",
            "inline_policy": [],
            "managed_policy_arns": [
              "arn:aws:iam::aws:policy/aws-service-role/AutoScalingServiceRolePolicy"
            ],
            "max_session_duration": 3600,
            "name": "AWSServiceRoleForAutoScaling",
            "name_prefix": "",
            "path": "/aws-service-role/autoscaling.amazonaws.com/",
            "permissions_boundary": null,
            "tags": {},
            "tags_all": {},
            "unique_id": "AROASPAP2IQFVP7H4WTYV"
          },
          "sensitive_attributes": []
        }
      ]
    },
    {
      "mode": "managed",
      "type": "aws_iam_role",
      "name": "AWSServiceRoleForBackup",
      "provider": "provider[\"registry.terraform.io/hashicorp/aws\"]",
      "instances": [
        {
          "schema_version": 0,
          "attributes": {
            "arn": "arn:aws:iam::169684386827:role/aws-service-role/backup.amazonaws.com/AWSServiceRoleForBackup",
            "assume_role_policy": "{\"Version\": \"2012-10-17\", \"Statement\": [{\"Effect\": \"Allow\", \"Principal\": {\"Service\": \"backup.amazonaws.com\"}, \"Action\": \"sts:AssumeRole\"}]}",
            "create_date": "2022-11-19T14:39:31Z",
            "description": "",
            "force_detach_policies": null,
            "id": "AWSServiceRoleForBackup",
            "inline_policy": [],
            "managed_policy_arns": [
              "arn:aws:iam::aws:policy/aws-service-role/AWSBackupServiceLinkedRolePolicyForBackup"
            ],
            "max_session_duration": 3600,
            "name": "AWSServiceRoleForBackup",
            "name_prefix": "",
            "path": "/aws-service-role/backup.amazonaws.com/",
            "permissions_boundary": null,
            "tags": {},
            "tags_all": {},
            "unique_id": "AROASPAP2IQFUGKM2VWYD"
          },
          "sensitive_attributes": []
        }
      ]
    },
    {
      "mode": "managed",
      "type": "aws_iam_role",
      "name": "AWSServiceRoleForClientVPN",
      "provider": "provider[\"registry.terraform.io/hashicorp/aws\"]",
      "instances": [
        {
          "schema_version": 0,
          "attributes": {
            "arn": "arn:aws:iam::169684386827:role/aws-service-role/clientvpn.amazonaws.com/AWSServiceRoleForClientVPN",
            "assume_role_policy": "{\"Version\": \"2012-10-17\", \"Statement\": [{\"Effect\": \"Allow\", \"Principal\": {\"Service\": \"clientvpn.amazonaws.com\"}, \"Action\": \"sts:AssumeRole\"}]}",
            "create_date": "2022-04-13T09:04:44Z",
            "description": "Service Linked Role for Client VPN",
            "force_detach_policies": null,
            "id": "AWSServiceRoleForClientVPN",
            "inline_policy": [],
            "managed_policy_arns": [
              "arn:aws:iam::aws:policy/aws-service-role/ClientVPNServiceRolePolicy"
            ],
            "max_session_duration": 3600,
            "name": "AWSServiceRoleForClientVPN",
            "name_prefix": "",
            "path": "/aws-service-role/clientvpn.amazonaws.com/",
            "permissions_boundary": null,
            "tags": {},
            "tags_all": {},
            "unique_id": "AROASPAP2IQFVEWDFUTYP"
          },
          "sensitive_attributes": []
        }
      ]
    },
    {
      "mode": "managed",
      "type": "aws_iam_role",
      "name": "AWSServiceRoleForClientVPNConnections",
      "provider": "provider[\"registry.terraform.io/hashicorp/aws\"]",
      "instances": [
        {
          "schema_version": 0,
          "attributes": {
            "arn": "arn:aws:iam::169684386827:role/aws-service-role/clientvpn-connections.amazonaws.com/AWSServiceRoleForClientVPNConnections",
            "assume_role_policy": "{\"Version\": \"2012-10-17\", \"Statement\": [{\"Effect\": \"Allow\", \"Principal\": {\"Service\": \"clientvpn-connections.amazonaws.com\"}, \"Action\": \"sts:AssumeRole\"}]}",
            "create_date": "2022-04-14T07:39:59Z",
            "description": "Service Linked Role for Client VPN connections",
            "force_detach_policies": null,
            "id": "AWSServiceRoleForClientVPNConnections",
            "inline_policy": [],
            "managed_policy_arns": [
              "arn:aws:iam::aws:policy/aws-service-role/ClientVPNServiceConnectionsRolePolicy"
            ],
            "max_session_duration": 3600,
            "name": "AWSServiceRoleForClientVPNConnections",
            "name_prefix": "",
            "path": "/aws-service-role/clientvpn-connections.amazonaws.com/",
            "permissions_boundary": null,
            "tags": {},
            "tags_all": {},
            "unique_id": "AROASPAP2IQFTIXHV567Z"
          },
          "sensitive_attributes": []
        }
      ]
    },
    {
      "mode": "managed",
      "type": "aws_iam_role",
      "name": "AWSServiceRoleForCloudFormationStackSetsOrgMember",
      "provider": "provider[\"registry.terraform.io/hashicorp/aws\"]",
      "instances": [
        {
          "schema_version": 0,
          "attributes": {
            "arn": "arn:aws:iam::169684386827:role/aws-service-role/member.org.stacksets.cloudformation.amazonaws.com/AWSServiceRoleForCloudFormationStackSetsOrgMember",
            "assume_role_policy": "{\"Version\": \"2012-10-17\", \"Statement\": [{\"Effect\": \"Allow\", \"Principal\": {\"Service\": \"member.org.stacksets.cloudformation.amazonaws.com\"}, \"Action\": \"sts:AssumeRole\"}]}",
            "create_date": "2023-03-24T14:52:59Z",
            "description": "Service linked role for CloudFormation StackSets (Organization Member)",
            "force_detach_policies": null,
            "id": "AWSServiceRoleForCloudFormationStackSetsOrgMember",
            "inline_policy": [],
            "managed_policy_arns": [
              "arn:aws:iam::aws:policy/aws-service-role/CloudFormationStackSetsOrgMemberServiceRolePolicy"
            ],
            "max_session_duration": 3600,
            "name": "AWSServiceRoleForCloudFormationStackSetsOrgMember",
            "name_prefix": "",
            "path": "/aws-service-role/member.org.stacksets.cloudformation.amazonaws.com/",
            "permissions_boundary": null,
            "tags": {},
            "tags_all": {},
            "unique_id": "AROASPAP2IQF3V44XFXTC"
          },
          "sensitive_attributes": []
        }
      ]
    },
    {
      "mode": "managed",
      "type": "aws_iam_role",
      "name": "AWSServiceRoleForCloudFrontLogger",
      "provider": "provider[\"registry.terraform.io/hashicorp/aws\"]",
      "instances": [
        {
          "schema_version": 0,
          "attributes": {
            "arn": "arn:aws:iam::169684386827:role/aws-service-role/logger.cloudfront.amazonaws.com/AWSServiceRoleForCloudFrontLogger",
            "assume_role_policy": "{\"Version\": \"2012-10-17\", \"Statement\": [{\"Effect\": \"Allow\", \"Principal\": {\"Service\": \"logger.cloudfront.amazonaws.com\"}, \"Action\": \"sts:AssumeRole\"}]}",
            "create_date": "2023-03-23T13:47:53Z",
            "description": "",
            "force_detach_policies": null,
            "id": "AWSServiceRoleForCloudFrontLogger",
            "inline_policy": [],
            "managed_policy_arns": [
              "arn:aws:iam::aws:policy/aws-service-role/AWSCloudFrontLogger"
            ],
            "max_session_duration": 3600,
            "name": "AWSServiceRoleForCloudFrontLogger",
            "name_prefix": "",
            "path": "/aws-service-role/logger.cloudfront.amazonaws.com/",
            "permissions_boundary": null,
            "tags": {},
            "tags_all": {},
            "unique_id": "AROASPAP2IQFXBL6VMJMV"
          },
          "sensitive_attributes": []
        }
      ]
    },
    {
      "mode": "managed",
      "type": "aws_iam_role",
      "name": "AWSServiceRoleForCloudTrail",
      "provider": "provider[\"registry.terraform.io/hashicorp/aws\"]",
      "instances": [
        {
          "schema_version": 0,
          "attributes": {
            "arn": "arn:aws:iam::169684386827:role/aws-service-role/cloudtrail.amazonaws.com/AWSServiceRoleForCloudTrail",
            "assume_role_policy": "{\"Version\": \"2012-10-17\", \"Statement\": [{\"Effect\": \"Allow\", \"Principal\": {\"Service\": \"cloudtrail.amazonaws.com\"}, \"Action\": \"sts:AssumeRole\"}]}",
            "create_date": "2022-05-13T10:29:56Z",
            "description": "",
            "force_detach_policies": null,
            "id": "AWSServiceRoleForCloudTrail",
            "inline_policy": [],
            "managed_policy_arns": [
              "arn:aws:iam::aws:policy/aws-service-role/CloudTrailServiceRolePolicy"
            ],
            "max_session_duration": 3600,
            "name": "AWSServiceRoleForCloudTrail",
            "name_prefix": "",
            "path": "/aws-service-role/cloudtrail.amazonaws.com/",
            "permissions_boundary": null,
            "tags": {},
            "tags_all": {},
            "unique_id": "AROASPAP2IQFRF6ABSYCL"
          },
          "sensitive_attributes": []
        }
      ]
    },
    {
      "mode": "managed",
      "type": "aws_iam_role",
      "name": "AWSServiceRoleForConfig",
      "provider": "provider[\"registry.terraform.io/hashicorp/aws\"]",
      "instances": [
        {
          "schema_version": 0,
          "attributes": {
            "arn": "arn:aws:iam::169684386827:role/aws-service-role/config.amazonaws.com/AWSServiceRoleForConfig",
            "assume_role_policy": "{\"Version\": \"2012-10-17\", \"Statement\": [{\"Effect\": \"Allow\", \"Principal\": {\"Service\": \"config.amazonaws.com\"}, \"Action\": \"sts:AssumeRole\"}]}",
            "create_date": "2022-05-18T14:09:45Z",
            "description": "",
            "force_detach_policies": null,
            "id": "AWSServiceRoleForConfig",
            "inline_policy": [],
            "managed_policy_arns": [
              "arn:aws:iam::aws:policy/aws-service-role/AWSConfigServiceRolePolicy"
            ],
            "max_session_duration": 3600,
            "name": "AWSServiceRoleForConfig",
            "name_prefix": "",
            "path": "/aws-service-role/config.amazonaws.com/",
            "permissions_boundary": null,
            "tags": {},
            "tags_all": {},
            "unique_id": "AROASPAP2IQF6GCX6PEFM"
          },
          "sensitive_attributes": []
        }
      ]
    },
    {
      "mode": "managed",
      "type": "aws_iam_role",
      "name": "AWSServiceRoleForElastiCache",
      "provider": "provider[\"registry.terraform.io/hashicorp/aws\"]",
      "instances": [
        {
          "schema_version": 0,
          "attributes": {
            "arn": "arn:aws:iam::169684386827:role/aws-service-role/elasticache.amazonaws.com/AWSServiceRoleForElastiCache",
            "assume_role_policy": "{\"Version\": \"2012-10-17\", \"Statement\": [{\"Effect\": \"Allow\", \"Principal\": {\"Service\": \"elasticache.amazonaws.com\"}, \"Action\": \"sts:AssumeRole\"}]}",
            "create_date": "2022-04-13T06:59:50Z",
            "description": "This policy allows ElastiCache to manage AWS resources on your behalf as necessary for managing your cache.",
            "force_detach_policies": null,
            "id": "AWSServiceRoleForElastiCache",
            "inline_policy": [],
            "managed_policy_arns": [
              "arn:aws:iam::aws:policy/aws-service-role/ElastiCacheServiceRolePolicy"
            ],
            "max_session_duration": 3600,
            "name": "AWSServiceRoleForElastiCache",
            "name_prefix": "",
            "path": "/aws-service-role/elasticache.amazonaws.com/",
            "permissions_boundary": null,
            "tags": {},
            "tags_all": {},
            "unique_id": "AROASPAP2IQF6TY7JVOGN"
          },
          "sensitive_attributes": []
        }
      ]
    },
    {
      "mode": "managed",
      "type": "aws_iam_role",
      "name": "AWSServiceRoleForElasticLoadBalancing",
      "provider": "provider[\"registry.terraform.io/hashicorp/aws\"]",
      "instances": [
        {
          "schema_version": 0,
          "attributes": {
            "arn": "arn:aws:iam::169684386827:role/aws-service-role/elasticloadbalancing.amazonaws.com/AWSServiceRoleForElasticLoadBalancing",
            "assume_role_policy": "{\"Version\": \"2012-10-17\", \"Statement\": [{\"Effect\": \"Allow\", \"Principal\": {\"Service\": \"elasticloadbalancing.amazonaws.com\"}, \"Action\": \"sts:AssumeRole\"}]}",
            "create_date": "2022-04-22T11:08:18Z",
            "description": "Allows ELB to call AWS services on your behalf.",
            "force_detach_policies": null,
            "id": "AWSServiceRoleForElasticLoadBalancing",
            "inline_policy": [],
            "managed_policy_arns": [
              "arn:aws:iam::aws:policy/aws-service-role/AWSElasticLoadBalancingServiceRolePolicy"
            ],
            "max_session_duration": 3600,
            "name": "AWSServiceRoleForElasticLoadBalancing",
            "name_prefix": "",
            "path": "/aws-service-role/elasticloadbalancing.amazonaws.com/",
            "permissions_boundary": null,
            "tags": {},
            "tags_all": {},
            "unique_id": "AROASPAP2IQFRTIGAQV2S"
          },
          "sensitive_attributes": []
        }
      ]
    },
    {
      "mode": "managed",
      "type": "aws_iam_role",
      "name": "AWSServiceRoleForGlobalAccelerator",
      "provider": "provider[\"registry.terraform.io/hashicorp/aws\"]",
      "instances": [
        {
          "schema_version": 0,
          "attributes": {
            "arn": "arn:aws:iam::169684386827:role/aws-service-role/globalaccelerator.amazonaws.com/AWSServiceRoleForGlobalAccelerator",
            "assume_role_policy": "{\"Version\": \"2012-10-17\", \"Statement\": [{\"Effect\": \"Allow\", \"Principal\": {\"Service\": \"globalaccelerator.amazonaws.com\"}, \"Action\": \"sts:AssumeRole\"}]}",
            "create_date": "2022-04-22T14:29:28Z",
            "description": "Allows Global Accelerator to call AWS services on customer's behalf",
            "force_detach_policies": null,
            "id": "AWSServiceRoleForGlobalAccelerator",
            "inline_policy": [],
            "managed_policy_arns": [
              "arn:aws:iam::aws:policy/aws-service-role/AWSGlobalAcceleratorSLRPolicy"
            ],
            "max_session_duration": 3600,
            "name": "AWSServiceRoleForGlobalAccelerator",
            "name_prefix": "",
            "path": "/aws-service-role/globalaccelerator.amazonaws.com/",
            "permissions_boundary": null,
            "tags": {},
            "tags_all": {},
            "unique_id": "AROASPAP2IQF7ZK7JQMKN"
          },
          "sensitive_attributes": []
        }
      ]
    },
    {
      "mode": "managed",
      "type": "aws_iam_role",
      "name": "AWSServiceRoleForKafka",
      "provider": "provider[\"registry.terraform.io/hashicorp/aws\"]",
      "instances": [
        {
          "schema_version": 0,
          "attributes": {
            "arn": "arn:aws:iam::169684386827:role/aws-service-role/kafka.amazonaws.com/AWSServiceRoleForKafka",
            "assume_role_policy": "{\"Version\": \"2012-10-17\", \"Statement\": [{\"Effect\": \"Allow\", \"Principal\": {\"Service\": \"kafka.amazonaws.com\"}, \"Action\": \"sts:AssumeRole\"}]}",
            "create_date": "2022-05-27T17:56:46Z",
            "description": "",
            "force_detach_policies": null,
            "id": "AWSServiceRoleForKafka",
            "inline_policy": [],
            "managed_policy_arns": [
              "arn:aws:iam::aws:policy/aws-service-role/KafkaServiceRolePolicy"
            ],
            "max_session_duration": 3600,
            "name": "AWSServiceRoleForKafka",
            "name_prefix": "",
            "path": "/aws-service-role/kafka.amazonaws.com/",
            "permissions_boundary": null,
            "tags": {},
            "tags_all": {},
            "unique_id": "AROASPAP2IQF4MMAEYNVP"
          },
          "sensitive_attributes": []
        }
      ]
    },
    {
      "mode": "managed",
      "type": "aws_iam_role",
      "name": "AWSServiceRoleForKafkaConnect",
      "provider": "provider[\"registry.terraform.io/hashicorp/aws\"]",
      "instances": [
        {
          "schema_version": 0,
          "attributes": {
            "arn": "arn:aws:iam::169684386827:role/aws-service-role/kafkaconnect.amazonaws.com/AWSServiceRoleForKafkaConnect",
            "assume_role_policy": "{\"Version\": \"2012-10-17\", \"Statement\": [{\"Effect\": \"Allow\", \"Principal\": {\"Service\": \"kafkaconnect.amazonaws.com\"}, \"Action\": \"sts:AssumeRole\"}]}",
            "create_date": "2022-05-27T18:51:18Z",
            "description": "",
            "force_detach_policies": null,
            "id": "AWSServiceRoleForKafkaConnect",
            "inline_policy": [],
            "managed_policy_arns": [
              "arn:aws:iam::aws:policy/aws-service-role/KafkaConnectServiceRolePolicy"
            ],
            "max_session_duration": 3600,
            "name": "AWSServiceRoleForKafkaConnect",
            "name_prefix": "",
            "path": "/aws-service-role/kafkaconnect.amazonaws.com/",
            "permissions_boundary": null,
            "tags": {},
            "tags_all": {},
            "unique_id": "AROASPAP2IQFSZBE6ONLN"
          },
          "sensitive_attributes": []
        }
      ]
    },
    {
      "mode": "managed",
      "type": "aws_iam_role",
      "name": "AWSServiceRoleForLambdaReplicator",
      "provider": "provider[\"registry.terraform.io/hashicorp/aws\"]",
      "instances": [
        {
          "schema_version": 0,
          "attributes": {
            "arn": "arn:aws:iam::169684386827:role/aws-service-role/replicator.lambda.amazonaws.com/AWSServiceRoleForLambdaReplicator",
            "assume_role_policy": "{\"Version\": \"2012-10-17\", \"Statement\": [{\"Effect\": \"Allow\", \"Principal\": {\"Service\": \"replicator.lambda.amazonaws.com\"}, \"Action\": \"sts:AssumeRole\"}]}",
            "create_date": "2023-03-23T13:47:53Z",
            "description": "",
            "force_detach_policies": null,
            "id": "AWSServiceRoleForLambdaReplicator",
            "inline_policy": [],
            "managed_policy_arns": [
              "arn:aws:iam::aws:policy/aws-service-role/AWSLambdaReplicator"
            ],
            "max_session_duration": 3600,
            "name": "AWSServiceRoleForLambdaReplicator",
            "name_prefix": "",
            "path": "/aws-service-role/replicator.lambda.amazonaws.com/",
            "permissions_boundary": null,
            "tags": {},
            "tags_all": {},
            "unique_id": "AROASPAP2IQFT6GGKHC2U"
          },
          "sensitive_attributes": []
        }
      ]
    },
    {
      "mode": "managed",
      "type": "aws_iam_role",
      "name": "AWSServiceRoleForOrganizations",
      "provider": "provider[\"registry.terraform.io/hashicorp/aws\"]",
      "instances": [
        {
          "schema_version": 0,
          "attributes": {
            "arn": "arn:aws:iam::169684386827:role/aws-service-role/organizations.amazonaws.com/AWSServiceRoleForOrganizations",
            "assume_role_policy": "{\"Version\": \"2012-10-17\", \"Statement\": [{\"Effect\": \"Allow\", \"Principal\": {\"Service\": \"organizations.amazonaws.com\"}, \"Action\": \"sts:AssumeRole\"}]}",
            "create_date": "2022-04-12T07:20:49Z",
            "description": "Service-linked role used by AWS Organizations to enable integration of other AWS services with Organizations.",
            "force_detach_policies": null,
            "id": "AWSServiceRoleForOrganizations",
            "inline_policy": [],
            "managed_policy_arns": [
              "arn:aws:iam::aws:policy/aws-service-role/AWSOrganizationsServiceTrustPolicy"
            ],
            "max_session_duration": 3600,
            "name": "AWSServiceRoleForOrganizations",
            "name_prefix": "",
            "path": "/aws-service-role/organizations.amazonaws.com/",
            "permissions_boundary": null,
            "tags": {},
            "tags_all": {},
            "unique_id": "AROASPAP2IQFTWNXZWGHX"
          },
          "sensitive_attributes": []
        }
      ]
    },
    {
      "mode": "managed",
      "type": "aws_iam_role",
      "name": "AWSServiceRoleForRDS",
      "provider": "provider[\"registry.terraform.io/hashicorp/aws\"]",
      "instances": [
        {
          "schema_version": 0,
          "attributes": {
            "arn": "arn:aws:iam::169684386827:role/aws-service-role/rds.amazonaws.com/AWSServiceRoleForRDS",
            "assume_role_policy": "{\"Version\": \"2012-10-17\", \"Statement\": [{\"Effect\": \"Allow\", \"Principal\": {\"Service\": \"rds.amazonaws.com\"}, \"Action\": \"sts:AssumeRole\"}]}",
            "create_date": "2022-10-05T19:51:39Z",
            "description": "Allows Amazon RDS to manage AWS resources on your behalf",
            "force_detach_policies": null,
            "id": "AWSServiceRoleForRDS",
            "inline_policy": [],
            "managed_policy_arns": [
              "arn:aws:iam::aws:policy/aws-service-role/AmazonRDSServiceRolePolicy"
            ],
            "max_session_duration": 3600,
            "name": "AWSServiceRoleForRDS",
            "name_prefix": "",
            "path": "/aws-service-role/rds.amazonaws.com/",
            "permissions_boundary": null,
            "tags": {},
            "tags_all": {},
            "unique_id": "AROASPAP2IQF4REZZUBXS"
          },
          "sensitive_attributes": []
        }
      ]
    },
    {
      "mode": "managed",
      "type": "aws_iam_role",
      "name": "AWSServiceRoleForSSO",
      "provider": "provider[\"registry.terraform.io/hashicorp/aws\"]",
      "instances": [
        {
          "schema_version": 0,
          "attributes": {
            "arn": "arn:aws:iam::169684386827:role/aws-service-role/sso.amazonaws.com/AWSServiceRoleForSSO",
            "assume_role_policy": "{\"Version\": \"2012-10-17\", \"Statement\": [{\"Effect\": \"Allow\", \"Principal\": {\"Service\": \"sso.amazonaws.com\"}, \"Action\": \"sts:AssumeRole\"}]}",
            "create_date": "2022-09-30T20:15:09Z",
            "description": "Service-linked role used by AWS SSO to manage AWS resources, including IAM roles, policies and SAML IdP on your behalf.",
            "force_detach_policies": null,
            "id": "AWSServiceRoleForSSO",
            "inline_policy": [],
            "managed_policy_arns": [
              "arn:aws:iam::aws:policy/aws-service-role/AWSSSOServiceRolePolicy"
            ],
            "max_session_duration": 3600,
            "name": "AWSServiceRoleForSSO",
            "name_prefix": "",
            "path": "/aws-service-role/sso.amazonaws.com/",
            "permissions_boundary": null,
            "tags": {},
            "tags_all": {},
            "unique_id": "AROASPAP2IQFYAMPRO3EF"
          },
          "sensitive_attributes": []
        }
      ]
    },
    {
      "mode": "managed",
      "type": "aws_iam_role",
      "name": "AWSServiceRoleForSecurityHub",
      "provider": "provider[\"registry.terraform.io/hashicorp/aws\"]",
      "instances": [
        {
          "schema_version": 0,
          "attributes": {
            "arn": "arn:aws:iam::169684386827:role/aws-service-role/securityhub.amazonaws.com/AWSServiceRoleForSecurityHub",
            "assume_role_policy": "{\"Version\": \"2012-10-17\", \"Statement\": [{\"Effect\": \"Allow\", \"Principal\": {\"Service\": \"securityhub.amazonaws.com\"}, \"Action\": \"sts:AssumeRole\"}]}",
            "create_date": "2022-05-19T10:08:37Z",
            "description": "A service-linked role required for AWS Security Hub to access your resources.",
            "force_detach_policies": null,
            "id": "AWSServiceRoleForSecurityHub",
            "inline_policy": [],
            "managed_policy_arns": [
              "arn:aws:iam::aws:policy/aws-service-role/AWSSecurityHubServiceRolePolicy"
            ],
            "max_session_duration": 3600,
            "name": "AWSServiceRoleForSecurityHub",
            "name_prefix": "",
            "path": "/aws-service-role/securityhub.amazonaws.com/",
            "permissions_boundary": null,
            "tags": {},
            "tags_all": {},
            "unique_id": "AROASPAP2IQF33QATEL23"
          },
          "sensitive_attributes": []
        }
      ]
    },
    {
      "mode": "managed",
      "type": "aws_iam_role",
      "name": "AWSServiceRoleForServiceQuotas",
      "provider": "provider[\"registry.terraform.io/hashicorp/aws\"]",
      "instances": [
        {
          "schema_version": 0,
          "attributes": {
            "arn": "arn:aws:iam::169684386827:role/aws-service-role/servicequotas.amazonaws.com/AWSServiceRoleForServiceQuotas",
            "assume_role_policy": "{\"Version\": \"2012-10-17\", \"Statement\": [{\"Effect\": \"Allow\", \"Principal\": {\"Service\": \"servicequotas.amazonaws.com\"}, \"Action\": \"sts:AssumeRole\"}]}",
            "create_date": "2022-06-09T10:27:44Z",
            "description": "A service-linked role is required for Service Quotas to access your service limits.",
            "force_detach_policies": null,
            "id": "AWSServiceRoleForServiceQuotas",
            "inline_policy": [],
            "managed_policy_arns": [
              "arn:aws:iam::aws:policy/aws-service-role/ServiceQuotasServiceRolePolicy"
            ],
            "max_session_duration": 3600,
            "name": "AWSServiceRoleForServiceQuotas",
            "name_prefix": "",
            "path": "/aws-service-role/servicequotas.amazonaws.com/",
            "permissions_boundary": null,
            "tags": {},
            "tags_all": {},
            "unique_id": "AROASPAP2IQFTNI7UGZXN"
          },
          "sensitive_attributes": []
        }
      ]
    },
    {
      "mode": "managed",
      "type": "aws_iam_role",
      "name": "AWSServiceRoleForSupport",
      "provider": "provider[\"registry.terraform.io/hashicorp/aws\"]",
      "instances": [
        {
          "schema_version": 0,
          "attributes": {
            "arn": "arn:aws:iam::169684386827:role/aws-service-role/support.amazonaws.com/AWSServiceRoleForSupport",
            "assume_role_policy": "{\"Version\": \"2012-10-17\", \"Statement\": [{\"Effect\": \"Allow\", \"Principal\": {\"Service\": \"support.amazonaws.com\"}, \"Action\": \"sts:AssumeRole\"}]}",
            "create_date": "2022-04-12T07:20:48Z",
            "description": "Enables resource access for AWS to provide billing, administrative and support services",
            "force_detach_policies": null,
            "id": "AWSServiceRoleForSupport",
            "inline_policy": [],
            "managed_policy_arns": [
              "arn:aws:iam::aws:policy/aws-service-role/AWSSupportServiceRolePolicy"
            ],
            "max_session_duration": 3600,
            "name": "AWSServiceRoleForSupport",
            "name_prefix": "",
            "path": "/aws-service-role/support.amazonaws.com/",
            "permissions_boundary": null,
            "tags": {},
            "tags_all": {},
            "unique_id": "AROASPAP2IQFQ4OJQYF3R"
          },
          "sensitive_attributes": []
        }
      ]
    },
    {
      "mode": "managed",
      "type": "aws_iam_role",
      "name": "AWSServiceRoleForTrustedAdvisor",
      "provider": "provider[\"registry.terraform.io/hashicorp/aws\"]",
      "instances": [
        {
          "schema_version": 0,
          "attributes": {
            "arn": "arn:aws:iam::169684386827:role/aws-service-role/trustedadvisor.amazonaws.com/AWSServiceRoleForTrustedAdvisor",
            "assume_role_policy": "{\"Version\": \"2012-10-17\", \"Statement\": [{\"Effect\": \"Allow\", \"Principal\": {\"Service\": \"trustedadvisor.amazonaws.com\"}, \"Action\": \"sts:AssumeRole\"}]}",
            "create_date": "2022-04-12T07:20:48Z",
            "description": "Access for the AWS Trusted Advisor Service to help reduce cost, increase performance, and improve security of your AWS environment.",
            "force_detach_policies": null,
            "id": "AWSServiceRoleForTrustedAdvisor",
            "inline_policy": [],
            "managed_policy_arns": [
              "arn:aws:iam::aws:policy/aws-service-role/AWSTrustedAdvisorServiceRolePolicy"
            ],
            "max_session_duration": 3600,
            "name": "AWSServiceRoleForTrustedAdvisor",
            "name_prefix": "",
            "path": "/aws-service-role/trustedadvisor.amazonaws.com/",
            "permissions_boundary": null,
            "tags": {},
            "tags_all": {},
            "unique_id": "AROASPAP2IQFYRYBRZDQV"
          },
          "sensitive_attributes": []
        }
      ]
    },
    {
      "mode": "managed",
      "type": "aws_iam_role",
      "name": "AWS_QuickSetup_HostMgmtRole_ap_northeast_1_j1ic5",
      "provider": "provider[\"registry.terraform.io/hashicorp/aws\"]",
      "instances": [
        {
          "schema_version": 0,
          "attributes": {
            "arn": "arn:aws:iam::169684386827:role/AWS-QuickSetup-HostMgmtRole-ap-northeast-1-j1ic5",
            "assume_role_policy": "{\"Version\": \"2012-10-17\", \"Statement\": [{\"Effect\": \"Allow\", \"Principal\": {\"Service\": \"ssm.amazonaws.com\"}, \"Action\": \"sts:AssumeRole\"}]}",
            "create_date": "2023-03-24T14:53:43Z",
            "description": "",
            "force_detach_policies": null,
            "id": "AWS-QuickSetup-HostMgmtRole-ap-northeast-1-j1ic5",
            "inline_policy": [
              {
                "name": "AWS-QuickSetup-SSMHostMgmt-CreateAndAttachRoleInlinePolicy-ap-northeast-1-j1ic5",
                "policy": "{\"Version\":\"2012-10-17\",\"Statement\":[{\"Action\":[\"ssm:GetAutomationExecution\",\"ec2:DescribeIamInstanceProfileAssociations\",\"ec2:DisassociateIamInstanceProfile\",\"ec2:DescribeInstances\",\"ssm:StartAutomationExecution\",\"iam:GetInstanceProfile\",\"iam:ListInstanceProfilesForRole\"],\"Effect\":\"Allow\",\"Resource\":\"*\"},{\"Action\":[\"iam:AttachRolePolicy\"],\"Condition\":{\"ArnEquals\":{\"iam:PolicyARN\":[\"arn:aws:iam::aws:policy/AmazonSSMManagedInstanceCore\",\"arn:aws:iam::aws:policy/AmazonSSMPatchAssociation\"]}},\"Effect\":\"Allow\",\"Resource\":[\"*\"]},{\"Action\":[\"iam:AddRoleToInstanceProfile\"],\"Effect\":\"Allow\",\"Resource\":[\"arn:aws:iam::169684386827:instance-profile/AmazonSSMRoleForInstancesQuickSetup\"]},{\"Action\":[\"ec2:AssociateIamInstanceProfile\"],\"Condition\":{\"StringEquals\":{\"ec2:NewInstanceProfile\":\"arn:aws:iam::169684386827:instance-profile/AmazonSSMRoleForInstancesQuickSetup\"}},\"Effect\":\"Allow\",\"Resource\":\"*\"},{\"Action\":[\"iam:CreateInstanceProfile\"],\"Effect\":\"Allow\",\"Resource\":[\"arn:aws:iam::169684386827:instance-profile/AmazonSSMRoleForInstancesQuickSetup\"]},{\"Action\":[\"iam:GetRole\"],\"Effect\":\"Allow\",\"Resource\":[\"arn:aws:iam::169684386827:role/AmazonSSMRoleForInstancesQuickSetup\",\"arn:aws:iam::169684386827:role/AWS-QuickSetup-HostMgmtRole-ap-northeast-1-j1ic5\"]},{\"Action\":[\"iam:PassRole\"],\"Condition\":{\"StringEquals\":{\"iam:PassedToService\":[\"ec2.amazonaws.com\"]}},\"Effect\":\"Allow\",\"Resource\":[\"arn:aws:iam::169684386827:role/AmazonSSMRoleForInstancesQuickSetup\"]},{\"Action\":[\"iam:PassRole\"],\"Condition\":{\"StringEquals\":{\"iam:PassedToService\":[\"ssm.amazonaws.com\"]}},\"Effect\":\"Allow\",\"Resource\":[\"arn:aws:iam::169684386827:role/AWS-QuickSetup-HostMgmtRole-ap-northeast-1-j1ic5\"]},{\"Action\":[\"iam:CreateRole\"],\"Effect\":\"Allow\",\"Resource\":[\"arn:aws:iam::169684386827:role/AmazonSSMRoleForInstancesQuickSetup\"]}]}"
              },
              {
                "name": "SSMQuickSetupEnableExplorerInlinePolicy",
                "policy": "{\"Version\":\"2012-10-17\",\"Statement\":[{\"Action\":[\"iam:ListRoles\",\"config:DescribeConfigurationRecorders\",\"compute-optimizer:GetEnrollmentStatus\",\"support:DescribeTrustedAdvisorChecks\"],\"Effect\":\"Allow\",\"Resource\":\"*\"},{\"Action\":[\"ssm:UpdateServiceSetting\",\"ssm:GetServiceSetting\"],\"Effect\":\"Allow\",\"Resource\":[\"arn:aws:ssm:*:*:servicesetting/ssm/opsitem/ssm-patchmanager\",\"arn:aws:ssm:*:*:servicesetting/ssm/opsitem/EC2\",\"arn:aws:ssm:*:*:servicesetting/ssm/opsdata/ExplorerOnboarded\",\"arn:aws:ssm:*:*:servicesetting/ssm/opsdata/Association\",\"arn:aws:ssm:*:*:servicesetting/ssm/opsdata/ComputeOptimizer\",\"arn:aws:ssm:*:*:servicesetting/ssm/opsdata/ConfigCompliance\",\"arn:aws:ssm:*:*:servicesetting/ssm/opsdata/OpsData-TrustedAdvisor\",\"arn:aws:ssm:*:*:servicesetting/ssm/opsdata/SupportCenterCase\"]},{\"Action\":[\"iam:CreateServiceLinkedRole\"],\"Condition\":{\"StringEquals\":{\"iam:AWSServiceName\":\"ssm.amazonaws.com\"}},\"Effect\":\"Allow\",\"Resource\":\"arn:aws:iam::*:role/aws-service-role/ssm.amazonaws.com/AWSServiceRoleForAmazonSSM\"}]}"
              }
            ],
            "managed_policy_arns": [],
            "max_session_duration": 3600,
            "name": "AWS-QuickSetup-HostMgmtRole-ap-northeast-1-j1ic5",
            "name_prefix": "",
            "path": "/",
            "permissions_boundary": null,
            "tags": {
              "QuickSetupID": "j1ic5",
              "QuickSetupType": "Host Management",
              "QuickSetupVersion": "2.2"
            },
            "tags_all": {
              "QuickSetupID": "j1ic5",
              "QuickSetupType": "Host Management",
              "QuickSetupVersion": "2.2"
            },
            "unique_id": "AROASPAP2IQFXH3LE7BZ3"
          },
          "sensitive_attributes": []
        }
      ]
    },
    {
      "mode": "managed",
      "type": "aws_iam_role",
      "name": "AWS_QuickSetup_HostMgmtRole_ap_northeast_2_j1ic5",
      "provider": "provider[\"registry.terraform.io/hashicorp/aws\"]",
      "instances": [
        {
          "schema_version": 0,
          "attributes": {
            "arn": "arn:aws:iam::169684386827:role/AWS-QuickSetup-HostMgmtRole-ap-northeast-2-j1ic5",
            "assume_role_policy": "{\"Version\": \"2012-10-17\", \"Statement\": [{\"Effect\": \"Allow\", \"Principal\": {\"Service\": \"ssm.amazonaws.com\"}, \"Action\": \"sts:AssumeRole\"}]}",
            "create_date": "2023-03-24T14:53:44Z",
            "description": "",
            "force_detach_policies": null,
            "id": "AWS-QuickSetup-HostMgmtRole-ap-northeast-2-j1ic5",
            "inline_policy": [
              {
                "name": "AWS-QuickSetup-SSMHostMgmt-CreateAndAttachRoleInlinePolicy-ap-northeast-2-j1ic5",
                "policy": "{\"Version\":\"2012-10-17\",\"Statement\":[{\"Action\":[\"ssm:GetAutomationExecution\",\"ec2:DescribeIamInstanceProfileAssociations\",\"ec2:DisassociateIamInstanceProfile\",\"ec2:DescribeInstances\",\"ssm:StartAutomationExecution\",\"iam:GetInstanceProfile\",\"iam:ListInstanceProfilesForRole\"],\"Effect\":\"Allow\",\"Resource\":\"*\"},{\"Action\":[\"iam:AttachRolePolicy\"],\"Condition\":{\"ArnEquals\":{\"iam:PolicyARN\":[\"arn:aws:iam::aws:policy/AmazonSSMManagedInstanceCore\",\"arn:aws:iam::aws:policy/AmazonSSMPatchAssociation\"]}},\"Effect\":\"Allow\",\"Resource\":[\"*\"]},{\"Action\":[\"iam:AddRoleToInstanceProfile\"],\"Effect\":\"Allow\",\"Resource\":[\"arn:aws:iam::169684386827:instance-profile/AmazonSSMRoleForInstancesQuickSetup\"]},{\"Action\":[\"ec2:AssociateIamInstanceProfile\"],\"Condition\":{\"StringEquals\":{\"ec2:NewInstanceProfile\":\"arn:aws:iam::169684386827:instance-profile/AmazonSSMRoleForInstancesQuickSetup\"}},\"Effect\":\"Allow\",\"Resource\":\"*\"},{\"Action\":[\"iam:CreateInstanceProfile\"],\"Effect\":\"Allow\",\"Resource\":[\"arn:aws:iam::169684386827:instance-profile/AmazonSSMRoleForInstancesQuickSetup\"]},{\"Action\":[\"iam:GetRole\"],\"Effect\":\"Allow\",\"Resource\":[\"arn:aws:iam::169684386827:role/AmazonSSMRoleForInstancesQuickSetup\",\"arn:aws:iam::169684386827:role/AWS-QuickSetup-HostMgmtRole-ap-northeast-2-j1ic5\"]},{\"Action\":[\"iam:PassRole\"],\"Condition\":{\"StringEquals\":{\"iam:PassedToService\":[\"ec2.amazonaws.com\"]}},\"Effect\":\"Allow\",\"Resource\":[\"arn:aws:iam::169684386827:role/AmazonSSMRoleForInstancesQuickSetup\"]},{\"Action\":[\"iam:PassRole\"],\"Condition\":{\"StringEquals\":{\"iam:PassedToService\":[\"ssm.amazonaws.com\"]}},\"Effect\":\"Allow\",\"Resource\":[\"arn:aws:iam::169684386827:role/AWS-QuickSetup-HostMgmtRole-ap-northeast-2-j1ic5\"]},{\"Action\":[\"iam:CreateRole\"],\"Effect\":\"Allow\",\"Resource\":[\"arn:aws:iam::169684386827:role/AmazonSSMRoleForInstancesQuickSetup\"]}]}"
              },
              {
                "name": "SSMQuickSetupEnableExplorerInlinePolicy",
                "policy": "{\"Version\":\"2012-10-17\",\"Statement\":[{\"Action\":[\"iam:ListRoles\",\"config:DescribeConfigurationRecorders\",\"compute-optimizer:GetEnrollmentStatus\",\"support:DescribeTrustedAdvisorChecks\"],\"Effect\":\"Allow\",\"Resource\":\"*\"},{\"Action\":[\"ssm:UpdateServiceSetting\",\"ssm:GetServiceSetting\"],\"Effect\":\"Allow\",\"Resource\":[\"arn:aws:ssm:*:*:servicesetting/ssm/opsitem/ssm-patchmanager\",\"arn:aws:ssm:*:*:servicesetting/ssm/opsitem/EC2\",\"arn:aws:ssm:*:*:servicesetting/ssm/opsdata/ExplorerOnboarded\",\"arn:aws:ssm:*:*:servicesetting/ssm/opsdata/Association\",\"arn:aws:ssm:*:*:servicesetting/ssm/opsdata/ComputeOptimizer\",\"arn:aws:ssm:*:*:servicesetting/ssm/opsdata/ConfigCompliance\",\"arn:aws:ssm:*:*:servicesetting/ssm/opsdata/OpsData-TrustedAdvisor\",\"arn:aws:ssm:*:*:servicesetting/ssm/opsdata/SupportCenterCase\"]},{\"Action\":[\"iam:CreateServiceLinkedRole\"],\"Condition\":{\"StringEquals\":{\"iam:AWSServiceName\":\"ssm.amazonaws.com\"}},\"Effect\":\"Allow\",\"Resource\":\"arn:aws:iam::*:role/aws-service-role/ssm.amazonaws.com/AWSServiceRoleForAmazonSSM\"}]}"
              }
            ],
            "managed_policy_arns": [],
            "max_session_duration": 3600,
            "name": "AWS-QuickSetup-HostMgmtRole-ap-northeast-2-j1ic5",
            "name_prefix": "",
            "path": "/",
            "permissions_boundary": null,
            "tags": {
              "QuickSetupID": "j1ic5",
              "QuickSetupType": "Host Management",
              "QuickSetupVersion": "2.2"
            },
            "tags_all": {
              "QuickSetupID": "j1ic5",
              "QuickSetupType": "Host Management",
              "QuickSetupVersion": "2.2"
            },
            "unique_id": "AROASPAP2IQF3KRS4OXX2"
          },
          "sensitive_attributes": []
        }
      ]
    },
    {
      "mode": "managed",
      "type": "aws_iam_role",
      "name": "AWS_QuickSetup_HostMgmtRole_ap_south_1_j1ic5",
      "provider": "provider[\"registry.terraform.io/hashicorp/aws\"]",
      "instances": [
        {
          "schema_version": 0,
          "attributes": {
            "arn": "arn:aws:iam::169684386827:role/AWS-QuickSetup-HostMgmtRole-ap-south-1-j1ic5",
            "assume_role_policy": "{\"Version\": \"2012-10-17\", \"Statement\": [{\"Effect\": \"Allow\", \"Principal\": {\"Service\": \"ssm.amazonaws.com\"}, \"Action\": \"sts:AssumeRole\"}]}",
            "create_date": "2023-03-24T14:53:42Z",
            "description": "",
            "force_detach_policies": null,
            "id": "AWS-QuickSetup-HostMgmtRole-ap-south-1-j1ic5",
            "inline_policy": [
              {
                "name": "AWS-QuickSetup-SSMHostMgmt-CreateAndAttachRoleInlinePolicy-ap-south-1-j1ic5",
                "policy": "{\"Version\":\"2012-10-17\",\"Statement\":[{\"Action\":[\"ssm:GetAutomationExecution\",\"ec2:DescribeIamInstanceProfileAssociations\",\"ec2:DisassociateIamInstanceProfile\",\"ec2:DescribeInstances\",\"ssm:StartAutomationExecution\",\"iam:GetInstanceProfile\",\"iam:ListInstanceProfilesForRole\"],\"Effect\":\"Allow\",\"Resource\":\"*\"},{\"Action\":[\"iam:AttachRolePolicy\"],\"Condition\":{\"ArnEquals\":{\"iam:PolicyARN\":[\"arn:aws:iam::aws:policy/AmazonSSMManagedInstanceCore\",\"arn:aws:iam::aws:policy/AmazonSSMPatchAssociation\"]}},\"Effect\":\"Allow\",\"Resource\":[\"*\"]},{\"Action\":[\"iam:AddRoleToInstanceProfile\"],\"Effect\":\"Allow\",\"Resource\":[\"arn:aws:iam::169684386827:instance-profile/AmazonSSMRoleForInstancesQuickSetup\"]},{\"Action\":[\"ec2:AssociateIamInstanceProfile\"],\"Condition\":{\"StringEquals\":{\"ec2:NewInstanceProfile\":\"arn:aws:iam::169684386827:instance-profile/AmazonSSMRoleForInstancesQuickSetup\"}},\"Effect\":\"Allow\",\"Resource\":\"*\"},{\"Action\":[\"iam:CreateInstanceProfile\"],\"Effect\":\"Allow\",\"Resource\":[\"arn:aws:iam::169684386827:instance-profile/AmazonSSMRoleForInstancesQuickSetup\"]},{\"Action\":[\"iam:GetRole\"],\"Effect\":\"Allow\",\"Resource\":[\"arn:aws:iam::169684386827:role/AmazonSSMRoleForInstancesQuickSetup\",\"arn:aws:iam::169684386827:role/AWS-QuickSetup-HostMgmtRole-ap-south-1-j1ic5\"]},{\"Action\":[\"iam:PassRole\"],\"Condition\":{\"StringEquals\":{\"iam:PassedToService\":[\"ec2.amazonaws.com\"]}},\"Effect\":\"Allow\",\"Resource\":[\"arn:aws:iam::169684386827:role/AmazonSSMRoleForInstancesQuickSetup\"]},{\"Action\":[\"iam:PassRole\"],\"Condition\":{\"StringEquals\":{\"iam:PassedToService\":[\"ssm.amazonaws.com\"]}},\"Effect\":\"Allow\",\"Resource\":[\"arn:aws:iam::169684386827:role/AWS-QuickSetup-HostMgmtRole-ap-south-1-j1ic5\"]},{\"Action\":[\"iam:CreateRole\"],\"Effect\":\"Allow\",\"Resource\":[\"arn:aws:iam::169684386827:role/AmazonSSMRoleForInstancesQuickSetup\"]}]}"
              },
              {
                "name": "SSMQuickSetupEnableExplorerInlinePolicy",
                "policy": "{\"Version\":\"2012-10-17\",\"Statement\":[{\"Action\":[\"iam:ListRoles\",\"config:DescribeConfigurationRecorders\",\"compute-optimizer:GetEnrollmentStatus\",\"support:DescribeTrustedAdvisorChecks\"],\"Effect\":\"Allow\",\"Resource\":\"*\"},{\"Action\":[\"ssm:UpdateServiceSetting\",\"ssm:GetServiceSetting\"],\"Effect\":\"Allow\",\"Resource\":[\"arn:aws:ssm:*:*:servicesetting/ssm/opsitem/ssm-patchmanager\",\"arn:aws:ssm:*:*:servicesetting/ssm/opsitem/EC2\",\"arn:aws:ssm:*:*:servicesetting/ssm/opsdata/ExplorerOnboarded\",\"arn:aws:ssm:*:*:servicesetting/ssm/opsdata/Association\",\"arn:aws:ssm:*:*:servicesetting/ssm/opsdata/ComputeOptimizer\",\"arn:aws:ssm:*:*:servicesetting/ssm/opsdata/ConfigCompliance\",\"arn:aws:ssm:*:*:servicesetting/ssm/opsdata/OpsData-TrustedAdvisor\",\"arn:aws:ssm:*:*:servicesetting/ssm/opsdata/SupportCenterCase\"]},{\"Action\":[\"iam:CreateServiceLinkedRole\"],\"Condition\":{\"StringEquals\":{\"iam:AWSServiceName\":\"ssm.amazonaws.com\"}},\"Effect\":\"Allow\",\"Resource\":\"arn:aws:iam::*:role/aws-service-role/ssm.amazonaws.com/AWSServiceRoleForAmazonSSM\"}]}"
              }
            ],
            "managed_policy_arns": [],
            "max_session_duration": 3600,
            "name": "AWS-QuickSetup-HostMgmtRole-ap-south-1-j1ic5",
            "name_prefix": "",
            "path": "/",
            "permissions_boundary": null,
            "tags": {
              "QuickSetupID": "j1ic5",
              "QuickSetupType": "Host Management",
              "QuickSetupVersion": "2.2"
            },
            "tags_all": {
              "QuickSetupID": "j1ic5",
              "QuickSetupType": "Host Management",
              "QuickSetupVersion": "2.2"
            },
            "unique_id": "AROASPAP2IQFVNWTXTJRO"
          },
          "sensitive_attributes": []
        }
      ]
    },
    {
      "mode": "managed",
      "type": "aws_iam_role",
      "name": "AWS_QuickSetup_HostMgmtRole_ap_southeast_1_j1ic5",
      "provider": "provider[\"registry.terraform.io/hashicorp/aws\"]",
      "instances": [
        {
          "schema_version": 0,
          "attributes": {
            "arn": "arn:aws:iam::169684386827:role/AWS-QuickSetup-HostMgmtRole-ap-southeast-1-j1ic5",
            "assume_role_policy": "{\"Version\": \"2012-10-17\", \"Statement\": [{\"Effect\": \"Allow\", \"Principal\": {\"Service\": \"ssm.amazonaws.com\"}, \"Action\": \"sts:AssumeRole\"}]}",
            "create_date": "2023-03-24T14:53:45Z",
            "description": "",
            "force_detach_policies": null,
            "id": "AWS-QuickSetup-HostMgmtRole-ap-southeast-1-j1ic5",
            "inline_policy": [
              {
                "name": "AWS-QuickSetup-SSMHostMgmt-CreateAndAttachRoleInlinePolicy-ap-southeast-1-j1ic5",
                "policy": "{\"Version\":\"2012-10-17\",\"Statement\":[{\"Action\":[\"ssm:GetAutomationExecution\",\"ec2:DescribeIamInstanceProfileAssociations\",\"ec2:DisassociateIamInstanceProfile\",\"ec2:DescribeInstances\",\"ssm:StartAutomationExecution\",\"iam:GetInstanceProfile\",\"iam:ListInstanceProfilesForRole\"],\"Effect\":\"Allow\",\"Resource\":\"*\"},{\"Action\":[\"iam:AttachRolePolicy\"],\"Condition\":{\"ArnEquals\":{\"iam:PolicyARN\":[\"arn:aws:iam::aws:policy/AmazonSSMManagedInstanceCore\",\"arn:aws:iam::aws:policy/AmazonSSMPatchAssociation\"]}},\"Effect\":\"Allow\",\"Resource\":[\"*\"]},{\"Action\":[\"iam:AddRoleToInstanceProfile\"],\"Effect\":\"Allow\",\"Resource\":[\"arn:aws:iam::169684386827:instance-profile/AmazonSSMRoleForInstancesQuickSetup\"]},{\"Action\":[\"ec2:AssociateIamInstanceProfile\"],\"Condition\":{\"StringEquals\":{\"ec2:NewInstanceProfile\":\"arn:aws:iam::169684386827:instance-profile/AmazonSSMRoleForInstancesQuickSetup\"}},\"Effect\":\"Allow\",\"Resource\":\"*\"},{\"Action\":[\"iam:CreateInstanceProfile\"],\"Effect\":\"Allow\",\"Resource\":[\"arn:aws:iam::169684386827:instance-profile/AmazonSSMRoleForInstancesQuickSetup\"]},{\"Action\":[\"iam:GetRole\"],\"Effect\":\"Allow\",\"Resource\":[\"arn:aws:iam::169684386827:role/AmazonSSMRoleForInstancesQuickSetup\",\"arn:aws:iam::169684386827:role/AWS-QuickSetup-HostMgmtRole-ap-southeast-1-j1ic5\"]},{\"Action\":[\"iam:PassRole\"],\"Condition\":{\"StringEquals\":{\"iam:PassedToService\":[\"ec2.amazonaws.com\"]}},\"Effect\":\"Allow\",\"Resource\":[\"arn:aws:iam::169684386827:role/AmazonSSMRoleForInstancesQuickSetup\"]},{\"Action\":[\"iam:PassRole\"],\"Condition\":{\"StringEquals\":{\"iam:PassedToService\":[\"ssm.amazonaws.com\"]}},\"Effect\":\"Allow\",\"Resource\":[\"arn:aws:iam::169684386827:role/AWS-QuickSetup-HostMgmtRole-ap-southeast-1-j1ic5\"]},{\"Action\":[\"iam:CreateRole\"],\"Effect\":\"Allow\",\"Resource\":[\"arn:aws:iam::169684386827:role/AmazonSSMRoleForInstancesQuickSetup\"]}]}"
              },
              {
                "name": "SSMQuickSetupEnableExplorerInlinePolicy",
                "policy": "{\"Version\":\"2012-10-17\",\"Statement\":[{\"Action\":[\"iam:ListRoles\",\"config:DescribeConfigurationRecorders\",\"compute-optimizer:GetEnrollmentStatus\",\"support:DescribeTrustedAdvisorChecks\"],\"Effect\":\"Allow\",\"Resource\":\"*\"},{\"Action\":[\"ssm:UpdateServiceSetting\",\"ssm:GetServiceSetting\"],\"Effect\":\"Allow\",\"Resource\":[\"arn:aws:ssm:*:*:servicesetting/ssm/opsitem/ssm-patchmanager\",\"arn:aws:ssm:*:*:servicesetting/ssm/opsitem/EC2\",\"arn:aws:ssm:*:*:servicesetting/ssm/opsdata/ExplorerOnboarded\",\"arn:aws:ssm:*:*:servicesetting/ssm/opsdata/Association\",\"arn:aws:ssm:*:*:servicesetting/ssm/opsdata/ComputeOptimizer\",\"arn:aws:ssm:*:*:servicesetting/ssm/opsdata/ConfigCompliance\",\"arn:aws:ssm:*:*:servicesetting/ssm/opsdata/OpsData-TrustedAdvisor\",\"arn:aws:ssm:*:*:servicesetting/ssm/opsdata/SupportCenterCase\"]},{\"Action\":[\"iam:CreateServiceLinkedRole\"],\"Condition\":{\"StringEquals\":{\"iam:AWSServiceName\":\"ssm.amazonaws.com\"}},\"Effect\":\"Allow\",\"Resource\":\"arn:aws:iam::*:role/aws-service-role/ssm.amazonaws.com/AWSServiceRoleForAmazonSSM\"}]}"
              }
            ],
            "managed_policy_arns": [],
            "max_session_duration": 3600,
            "name": "AWS-QuickSetup-HostMgmtRole-ap-southeast-1-j1ic5",
            "name_prefix": "",
            "path": "/",
            "permissions_boundary": null,
            "tags": {
              "QuickSetupID": "j1ic5",
              "QuickSetupType": "Host Management",
              "QuickSetupVersion": "2.2"
            },
            "tags_all": {
              "QuickSetupID": "j1ic5",
              "QuickSetupType": "Host Management",
              "QuickSetupVersion": "2.2"
            },
            "unique_id": "AROASPAP2IQFVKTT4HF3H"
          },
          "sensitive_attributes": []
        }
      ]
    },
    {
      "mode": "managed",
      "type": "aws_iam_role",
      "name": "AWS_QuickSetup_HostMgmtRole_ap_southeast_2_j1ic5",
      "provider": "provider[\"registry.terraform.io/hashicorp/aws\"]",
      "instances": [
        {
          "schema_version": 0,
          "attributes": {
            "arn": "arn:aws:iam::169684386827:role/AWS-QuickSetup-HostMgmtRole-ap-southeast-2-j1ic5",
            "assume_role_policy": "{\"Version\": \"2012-10-17\", \"Statement\": [{\"Effect\": \"Allow\", \"Principal\": {\"Service\": \"ssm.amazonaws.com\"}, \"Action\": \"sts:AssumeRole\"}]}",
            "create_date": "2023-03-24T14:53:43Z",
            "description": "",
            "force_detach_policies": null,
            "id": "AWS-QuickSetup-HostMgmtRole-ap-southeast-2-j1ic5",
            "inline_policy": [
              {
                "name": "AWS-QuickSetup-SSMHostMgmt-CreateAndAttachRoleInlinePolicy-ap-southeast-2-j1ic5",
                "policy": "{\"Version\":\"2012-10-17\",\"Statement\":[{\"Action\":[\"ssm:GetAutomationExecution\",\"ec2:DescribeIamInstanceProfileAssociations\",\"ec2:DisassociateIamInstanceProfile\",\"ec2:DescribeInstances\",\"ssm:StartAutomationExecution\",\"iam:GetInstanceProfile\",\"iam:ListInstanceProfilesForRole\"],\"Effect\":\"Allow\",\"Resource\":\"*\"},{\"Action\":[\"iam:AttachRolePolicy\"],\"Condition\":{\"ArnEquals\":{\"iam:PolicyARN\":[\"arn:aws:iam::aws:policy/AmazonSSMManagedInstanceCore\",\"arn:aws:iam::aws:policy/AmazonSSMPatchAssociation\"]}},\"Effect\":\"Allow\",\"Resource\":[\"*\"]},{\"Action\":[\"iam:AddRoleToInstanceProfile\"],\"Effect\":\"Allow\",\"Resource\":[\"arn:aws:iam::169684386827:instance-profile/AmazonSSMRoleForInstancesQuickSetup\"]},{\"Action\":[\"ec2:AssociateIamInstanceProfile\"],\"Condition\":{\"StringEquals\":{\"ec2:NewInstanceProfile\":\"arn:aws:iam::169684386827:instance-profile/AmazonSSMRoleForInstancesQuickSetup\"}},\"Effect\":\"Allow\",\"Resource\":\"*\"},{\"Action\":[\"iam:CreateInstanceProfile\"],\"Effect\":\"Allow\",\"Resource\":[\"arn:aws:iam::169684386827:instance-profile/AmazonSSMRoleForInstancesQuickSetup\"]},{\"Action\":[\"iam:GetRole\"],\"Effect\":\"Allow\",\"Resource\":[\"arn:aws:iam::169684386827:role/AmazonSSMRoleForInstancesQuickSetup\",\"arn:aws:iam::169684386827:role/AWS-QuickSetup-HostMgmtRole-ap-southeast-2-j1ic5\"]},{\"Action\":[\"iam:PassRole\"],\"Condition\":{\"StringEquals\":{\"iam:PassedToService\":[\"ec2.amazonaws.com\"]}},\"Effect\":\"Allow\",\"Resource\":[\"arn:aws:iam::169684386827:role/AmazonSSMRoleForInstancesQuickSetup\"]},{\"Action\":[\"iam:PassRole\"],\"Condition\":{\"StringEquals\":{\"iam:PassedToService\":[\"ssm.amazonaws.com\"]}},\"Effect\":\"Allow\",\"Resource\":[\"arn:aws:iam::169684386827:role/AWS-QuickSetup-HostMgmtRole-ap-southeast-2-j1ic5\"]},{\"Action\":[\"iam:CreateRole\"],\"Effect\":\"Allow\",\"Resource\":[\"arn:aws:iam::169684386827:role/AmazonSSMRoleForInstancesQuickSetup\"]}]}"
              },
              {
                "name": "SSMQuickSetupEnableExplorerInlinePolicy",
                "policy": "{\"Version\":\"2012-10-17\",\"Statement\":[{\"Action\":[\"iam:ListRoles\",\"config:DescribeConfigurationRecorders\",\"compute-optimizer:GetEnrollmentStatus\",\"support:DescribeTrustedAdvisorChecks\"],\"Effect\":\"Allow\",\"Resource\":\"*\"},{\"Action\":[\"ssm:UpdateServiceSetting\",\"ssm:GetServiceSetting\"],\"Effect\":\"Allow\",\"Resource\":[\"arn:aws:ssm:*:*:servicesetting/ssm/opsitem/ssm-patchmanager\",\"arn:aws:ssm:*:*:servicesetting/ssm/opsitem/EC2\",\"arn:aws:ssm:*:*:servicesetting/ssm/opsdata/ExplorerOnboarded\",\"arn:aws:ssm:*:*:servicesetting/ssm/opsdata/Association\",\"arn:aws:ssm:*:*:servicesetting/ssm/opsdata/ComputeOptimizer\",\"arn:aws:ssm:*:*:servicesetting/ssm/opsdata/ConfigCompliance\",\"arn:aws:ssm:*:*:servicesetting/ssm/opsdata/OpsData-TrustedAdvisor\",\"arn:aws:ssm:*:*:servicesetting/ssm/opsdata/SupportCenterCase\"]},{\"Action\":[\"iam:CreateServiceLinkedRole\"],\"Condition\":{\"StringEquals\":{\"iam:AWSServiceName\":\"ssm.amazonaws.com\"}},\"Effect\":\"Allow\",\"Resource\":\"arn:aws:iam::*:role/aws-service-role/ssm.amazonaws.com/AWSServiceRoleForAmazonSSM\"}]}"
              }
            ],
            "managed_policy_arns": [],
            "max_session_duration": 3600,
            "name": "AWS-QuickSetup-HostMgmtRole-ap-southeast-2-j1ic5",
            "name_prefix": "",
            "path": "/",
            "permissions_boundary": null,
            "tags": {
              "QuickSetupID": "j1ic5",
              "QuickSetupType": "Host Management",
              "QuickSetupVersion": "2.2"
            },
            "tags_all": {
              "QuickSetupID": "j1ic5",
              "QuickSetupType": "Host Management",
              "QuickSetupVersion": "2.2"
            },
            "unique_id": "AROASPAP2IQFSKZDWJ4SI"
          },
          "sensitive_attributes": []
        }
      ]
    },
    {
      "mode": "managed",
      "type": "aws_iam_role",
      "name": "AWS_QuickSetup_HostMgmtRole_ca_central_1_j1ic5",
      "provider": "provider[\"registry.terraform.io/hashicorp/aws\"]",
      "instances": [
        {
          "schema_version": 0,
          "attributes": {
            "arn": "arn:aws:iam::169684386827:role/AWS-QuickSetup-HostMgmtRole-ca-central-1-j1ic5",
            "assume_role_policy": "{\"Version\": \"2012-10-17\", \"Statement\": [{\"Effect\": \"Allow\", \"Principal\": {\"Service\": \"ssm.amazonaws.com\"}, \"Action\": \"sts:AssumeRole\"}]}",
            "create_date": "2023-03-24T14:53:40Z",
            "description": "",
            "force_detach_policies": null,
            "id": "AWS-QuickSetup-HostMgmtRole-ca-central-1-j1ic5",
            "inline_policy": [
              {
                "name": "AWS-QuickSetup-SSMHostMgmt-CreateAndAttachRoleInlinePolicy-ca-central-1-j1ic5",
                "policy": "{\"Version\":\"2012-10-17\",\"Statement\":[{\"Action\":[\"ssm:GetAutomationExecution\",\"ec2:DescribeIamInstanceProfileAssociations\",\"ec2:DisassociateIamInstanceProfile\",\"ec2:DescribeInstances\",\"ssm:StartAutomationExecution\",\"iam:GetInstanceProfile\",\"iam:ListInstanceProfilesForRole\"],\"Effect\":\"Allow\",\"Resource\":\"*\"},{\"Action\":[\"iam:AttachRolePolicy\"],\"Condition\":{\"ArnEquals\":{\"iam:PolicyARN\":[\"arn:aws:iam::aws:policy/AmazonSSMManagedInstanceCore\",\"arn:aws:iam::aws:policy/AmazonSSMPatchAssociation\"]}},\"Effect\":\"Allow\",\"Resource\":[\"*\"]},{\"Action\":[\"iam:AddRoleToInstanceProfile\"],\"Effect\":\"Allow\",\"Resource\":[\"arn:aws:iam::169684386827:instance-profile/AmazonSSMRoleForInstancesQuickSetup\"]},{\"Action\":[\"ec2:AssociateIamInstanceProfile\"],\"Condition\":{\"StringEquals\":{\"ec2:NewInstanceProfile\":\"arn:aws:iam::169684386827:instance-profile/AmazonSSMRoleForInstancesQuickSetup\"}},\"Effect\":\"Allow\",\"Resource\":\"*\"},{\"Action\":[\"iam:CreateInstanceProfile\"],\"Effect\":\"Allow\",\"Resource\":[\"arn:aws:iam::169684386827:instance-profile/AmazonSSMRoleForInstancesQuickSetup\"]},{\"Action\":[\"iam:GetRole\"],\"Effect\":\"Allow\",\"Resource\":[\"arn:aws:iam::169684386827:role/AmazonSSMRoleForInstancesQuickSetup\",\"arn:aws:iam::169684386827:role/AWS-QuickSetup-HostMgmtRole-ca-central-1-j1ic5\"]},{\"Action\":[\"iam:PassRole\"],\"Condition\":{\"StringEquals\":{\"iam:PassedToService\":[\"ec2.amazonaws.com\"]}},\"Effect\":\"Allow\",\"Resource\":[\"arn:aws:iam::169684386827:role/AmazonSSMRoleForInstancesQuickSetup\"]},{\"Action\":[\"iam:PassRole\"],\"Condition\":{\"StringEquals\":{\"iam:PassedToService\":[\"ssm.amazonaws.com\"]}},\"Effect\":\"Allow\",\"Resource\":[\"arn:aws:iam::169684386827:role/AWS-QuickSetup-HostMgmtRole-ca-central-1-j1ic5\"]},{\"Action\":[\"iam:CreateRole\"],\"Effect\":\"Allow\",\"Resource\":[\"arn:aws:iam::169684386827:role/AmazonSSMRoleForInstancesQuickSetup\"]}]}"
              },
              {
                "name": "SSMQuickSetupEnableExplorerInlinePolicy",
                "policy": "{\"Version\":\"2012-10-17\",\"Statement\":[{\"Action\":[\"iam:ListRoles\",\"config:DescribeConfigurationRecorders\",\"compute-optimizer:GetEnrollmentStatus\",\"support:DescribeTrustedAdvisorChecks\"],\"Effect\":\"Allow\",\"Resource\":\"*\"},{\"Action\":[\"ssm:UpdateServiceSetting\",\"ssm:GetServiceSetting\"],\"Effect\":\"Allow\",\"Resource\":[\"arn:aws:ssm:*:*:servicesetting/ssm/opsitem/ssm-patchmanager\",\"arn:aws:ssm:*:*:servicesetting/ssm/opsitem/EC2\",\"arn:aws:ssm:*:*:servicesetting/ssm/opsdata/ExplorerOnboarded\",\"arn:aws:ssm:*:*:servicesetting/ssm/opsdata/Association\",\"arn:aws:ssm:*:*:servicesetting/ssm/opsdata/ComputeOptimizer\",\"arn:aws:ssm:*:*:servicesetting/ssm/opsdata/ConfigCompliance\",\"arn:aws:ssm:*:*:servicesetting/ssm/opsdata/OpsData-TrustedAdvisor\",\"arn:aws:ssm:*:*:servicesetting/ssm/opsdata/SupportCenterCase\"]},{\"Action\":[\"iam:CreateServiceLinkedRole\"],\"Condition\":{\"StringEquals\":{\"iam:AWSServiceName\":\"ssm.amazonaws.com\"}},\"Effect\":\"Allow\",\"Resource\":\"arn:aws:iam::*:role/aws-service-role/ssm.amazonaws.com/AWSServiceRoleForAmazonSSM\"}]}"
              }
            ],
            "managed_policy_arns": [],
            "max_session_duration": 3600,
            "name": "AWS-QuickSetup-HostMgmtRole-ca-central-1-j1ic5",
            "name_prefix": "",
            "path": "/",
            "permissions_boundary": null,
            "tags": {
              "QuickSetupID": "j1ic5",
              "QuickSetupType": "Host Management",
              "QuickSetupVersion": "2.2"
            },
            "tags_all": {
              "QuickSetupID": "j1ic5",
              "QuickSetupType": "Host Management",
              "QuickSetupVersion": "2.2"
            },
            "unique_id": "AROASPAP2IQF3BFA7BFII"
          },
          "sensitive_attributes": []
        }
      ]
    },
    {
      "mode": "managed",
      "type": "aws_iam_role",
      "name": "AWS_QuickSetup_HostMgmtRole_eu_central_1_j1ic5",
      "provider": "provider[\"registry.terraform.io/hashicorp/aws\"]",
      "instances": [
        {
          "schema_version": 0,
          "attributes": {
            "arn": "arn:aws:iam::169684386827:role/AWS-QuickSetup-HostMgmtRole-eu-central-1-j1ic5",
            "assume_role_policy": "{\"Version\": \"2012-10-17\", \"Statement\": [{\"Effect\": \"Allow\", \"Principal\": {\"Service\": \"ssm.amazonaws.com\"}, \"Action\": \"sts:AssumeRole\"}]}",
            "create_date": "2023-03-24T14:53:42Z",
            "description": "",
            "force_detach_policies": null,
            "id": "AWS-QuickSetup-HostMgmtRole-eu-central-1-j1ic5",
            "inline_policy": [
              {
                "name": "AWS-QuickSetup-SSMHostMgmt-CreateAndAttachRoleInlinePolicy-eu-central-1-j1ic5",
                "policy": "{\"Version\":\"2012-10-17\",\"Statement\":[{\"Action\":[\"ssm:GetAutomationExecution\",\"ec2:DescribeIamInstanceProfileAssociations\",\"ec2:DisassociateIamInstanceProfile\",\"ec2:DescribeInstances\",\"ssm:StartAutomationExecution\",\"iam:GetInstanceProfile\",\"iam:ListInstanceProfilesForRole\"],\"Effect\":\"Allow\",\"Resource\":\"*\"},{\"Action\":[\"iam:AttachRolePolicy\"],\"Condition\":{\"ArnEquals\":{\"iam:PolicyARN\":[\"arn:aws:iam::aws:policy/AmazonSSMManagedInstanceCore\",\"arn:aws:iam::aws:policy/AmazonSSMPatchAssociation\"]}},\"Effect\":\"Allow\",\"Resource\":[\"*\"]},{\"Action\":[\"iam:AddRoleToInstanceProfile\"],\"Effect\":\"Allow\",\"Resource\":[\"arn:aws:iam::169684386827:instance-profile/AmazonSSMRoleForInstancesQuickSetup\"]},{\"Action\":[\"ec2:AssociateIamInstanceProfile\"],\"Condition\":{\"StringEquals\":{\"ec2:NewInstanceProfile\":\"arn:aws:iam::169684386827:instance-profile/AmazonSSMRoleForInstancesQuickSetup\"}},\"Effect\":\"Allow\",\"Resource\":\"*\"},{\"Action\":[\"iam:CreateInstanceProfile\"],\"Effect\":\"Allow\",\"Resource\":[\"arn:aws:iam::169684386827:instance-profile/AmazonSSMRoleForInstancesQuickSetup\"]},{\"Action\":[\"iam:GetRole\"],\"Effect\":\"Allow\",\"Resource\":[\"arn:aws:iam::169684386827:role/AmazonSSMRoleForInstancesQuickSetup\",\"arn:aws:iam::169684386827:role/AWS-QuickSetup-HostMgmtRole-eu-central-1-j1ic5\"]},{\"Action\":[\"iam:PassRole\"],\"Condition\":{\"StringEquals\":{\"iam:PassedToService\":[\"ec2.amazonaws.com\"]}},\"Effect\":\"Allow\",\"Resource\":[\"arn:aws:iam::169684386827:role/AmazonSSMRoleForInstancesQuickSetup\"]},{\"Action\":[\"iam:PassRole\"],\"Condition\":{\"StringEquals\":{\"iam:PassedToService\":[\"ssm.amazonaws.com\"]}},\"Effect\":\"Allow\",\"Resource\":[\"arn:aws:iam::169684386827:role/AWS-QuickSetup-HostMgmtRole-eu-central-1-j1ic5\"]},{\"Action\":[\"iam:CreateRole\"],\"Effect\":\"Allow\",\"Resource\":[\"arn:aws:iam::169684386827:role/AmazonSSMRoleForInstancesQuickSetup\"]}]}"
              },
              {
                "name": "SSMQuickSetupEnableExplorerInlinePolicy",
                "policy": "{\"Version\":\"2012-10-17\",\"Statement\":[{\"Action\":[\"iam:ListRoles\",\"config:DescribeConfigurationRecorders\",\"compute-optimizer:GetEnrollmentStatus\",\"support:DescribeTrustedAdvisorChecks\"],\"Effect\":\"Allow\",\"Resource\":\"*\"},{\"Action\":[\"ssm:UpdateServiceSetting\",\"ssm:GetServiceSetting\"],\"Effect\":\"Allow\",\"Resource\":[\"arn:aws:ssm:*:*:servicesetting/ssm/opsitem/ssm-patchmanager\",\"arn:aws:ssm:*:*:servicesetting/ssm/opsitem/EC2\",\"arn:aws:ssm:*:*:servicesetting/ssm/opsdata/ExplorerOnboarded\",\"arn:aws:ssm:*:*:servicesetting/ssm/opsdata/Association\",\"arn:aws:ssm:*:*:servicesetting/ssm/opsdata/ComputeOptimizer\",\"arn:aws:ssm:*:*:servicesetting/ssm/opsdata/ConfigCompliance\",\"arn:aws:ssm:*:*:servicesetting/ssm/opsdata/OpsData-TrustedAdvisor\",\"arn:aws:ssm:*:*:servicesetting/ssm/opsdata/SupportCenterCase\"]},{\"Action\":[\"iam:CreateServiceLinkedRole\"],\"Condition\":{\"StringEquals\":{\"iam:AWSServiceName\":\"ssm.amazonaws.com\"}},\"Effect\":\"Allow\",\"Resource\":\"arn:aws:iam::*:role/aws-service-role/ssm.amazonaws.com/AWSServiceRoleForAmazonSSM\"}]}"
              }
            ],
            "managed_policy_arns": [],
            "max_session_duration": 3600,
            "name": "AWS-QuickSetup-HostMgmtRole-eu-central-1-j1ic5",
            "name_prefix": "",
            "path": "/",
            "permissions_boundary": null,
            "tags": {
              "QuickSetupID": "j1ic5",
              "QuickSetupType": "Host Management",
              "QuickSetupVersion": "2.2"
            },
            "tags_all": {
              "QuickSetupID": "j1ic5",
              "QuickSetupType": "Host Management",
              "QuickSetupVersion": "2.2"
            },
            "unique_id": "AROASPAP2IQF3FEDBR7PM"
          },
          "sensitive_attributes": []
        }
      ]
    },
    {
      "mode": "managed",
      "type": "aws_iam_role",
      "name": "AWS_QuickSetup_HostMgmtRole_eu_north_1_j1ic5",
      "provider": "provider[\"registry.terraform.io/hashicorp/aws\"]",
      "instances": [
        {
          "schema_version": 0,
          "attributes": {
            "arn": "arn:aws:iam::169684386827:role/AWS-QuickSetup-HostMgmtRole-eu-north-1-j1ic5",
            "assume_role_policy": "{\"Version\": \"2012-10-17\", \"Statement\": [{\"Effect\": \"Allow\", \"Principal\": {\"Service\": \"ssm.amazonaws.com\"}, \"Action\": \"sts:AssumeRole\"}]}",
            "create_date": "2023-03-24T14:53:42Z",
            "description": "",
            "force_detach_policies": null,
            "id": "AWS-QuickSetup-HostMgmtRole-eu-north-1-j1ic5",
            "inline_policy": [
              {
                "name": "AWS-QuickSetup-SSMHostMgmt-CreateAndAttachRoleInlinePolicy-eu-north-1-j1ic5",
                "policy": "{\"Version\":\"2012-10-17\",\"Statement\":[{\"Action\":[\"ssm:GetAutomationExecution\",\"ec2:DescribeIamInstanceProfileAssociations\",\"ec2:DisassociateIamInstanceProfile\",\"ec2:DescribeInstances\",\"ssm:StartAutomationExecution\",\"iam:GetInstanceProfile\",\"iam:ListInstanceProfilesForRole\"],\"Effect\":\"Allow\",\"Resource\":\"*\"},{\"Action\":[\"iam:AttachRolePolicy\"],\"Condition\":{\"ArnEquals\":{\"iam:PolicyARN\":[\"arn:aws:iam::aws:policy/AmazonSSMManagedInstanceCore\",\"arn:aws:iam::aws:policy/AmazonSSMPatchAssociation\"]}},\"Effect\":\"Allow\",\"Resource\":[\"*\"]},{\"Action\":[\"iam:AddRoleToInstanceProfile\"],\"Effect\":\"Allow\",\"Resource\":[\"arn:aws:iam::169684386827:instance-profile/AmazonSSMRoleForInstancesQuickSetup\"]},{\"Action\":[\"ec2:AssociateIamInstanceProfile\"],\"Condition\":{\"StringEquals\":{\"ec2:NewInstanceProfile\":\"arn:aws:iam::169684386827:instance-profile/AmazonSSMRoleForInstancesQuickSetup\"}},\"Effect\":\"Allow\",\"Resource\":\"*\"},{\"Action\":[\"iam:CreateInstanceProfile\"],\"Effect\":\"Allow\",\"Resource\":[\"arn:aws:iam::169684386827:instance-profile/AmazonSSMRoleForInstancesQuickSetup\"]},{\"Action\":[\"iam:GetRole\"],\"Effect\":\"Allow\",\"Resource\":[\"arn:aws:iam::169684386827:role/AmazonSSMRoleForInstancesQuickSetup\",\"arn:aws:iam::169684386827:role/AWS-QuickSetup-HostMgmtRole-eu-north-1-j1ic5\"]},{\"Action\":[\"iam:PassRole\"],\"Condition\":{\"StringEquals\":{\"iam:PassedToService\":[\"ec2.amazonaws.com\"]}},\"Effect\":\"Allow\",\"Resource\":[\"arn:aws:iam::169684386827:role/AmazonSSMRoleForInstancesQuickSetup\"]},{\"Action\":[\"iam:PassRole\"],\"Condition\":{\"StringEquals\":{\"iam:PassedToService\":[\"ssm.amazonaws.com\"]}},\"Effect\":\"Allow\",\"Resource\":[\"arn:aws:iam::169684386827:role/AWS-QuickSetup-HostMgmtRole-eu-north-1-j1ic5\"]},{\"Action\":[\"iam:CreateRole\"],\"Effect\":\"Allow\",\"Resource\":[\"arn:aws:iam::169684386827:role/AmazonSSMRoleForInstancesQuickSetup\"]}]}"
              },
              {
                "name": "SSMQuickSetupEnableExplorerInlinePolicy",
                "policy": "{\"Version\":\"2012-10-17\",\"Statement\":[{\"Action\":[\"iam:ListRoles\",\"config:DescribeConfigurationRecorders\",\"compute-optimizer:GetEnrollmentStatus\",\"support:DescribeTrustedAdvisorChecks\"],\"Effect\":\"Allow\",\"Resource\":\"*\"},{\"Action\":[\"ssm:UpdateServiceSetting\",\"ssm:GetServiceSetting\"],\"Effect\":\"Allow\",\"Resource\":[\"arn:aws:ssm:*:*:servicesetting/ssm/opsitem/ssm-patchmanager\",\"arn:aws:ssm:*:*:servicesetting/ssm/opsitem/EC2\",\"arn:aws:ssm:*:*:servicesetting/ssm/opsdata/ExplorerOnboarded\",\"arn:aws:ssm:*:*:servicesetting/ssm/opsdata/Association\",\"arn:aws:ssm:*:*:servicesetting/ssm/opsdata/ComputeOptimizer\",\"arn:aws:ssm:*:*:servicesetting/ssm/opsdata/ConfigCompliance\",\"arn:aws:ssm:*:*:servicesetting/ssm/opsdata/OpsData-TrustedAdvisor\",\"arn:aws:ssm:*:*:servicesetting/ssm/opsdata/SupportCenterCase\"]},{\"Action\":[\"iam:CreateServiceLinkedRole\"],\"Condition\":{\"StringEquals\":{\"iam:AWSServiceName\":\"ssm.amazonaws.com\"}},\"Effect\":\"Allow\",\"Resource\":\"arn:aws:iam::*:role/aws-service-role/ssm.amazonaws.com/AWSServiceRoleForAmazonSSM\"}]}"
              }
            ],
            "managed_policy_arns": [],
            "max_session_duration": 3600,
            "name": "AWS-QuickSetup-HostMgmtRole-eu-north-1-j1ic5",
            "name_prefix": "",
            "path": "/",
            "permissions_boundary": null,
            "tags": {
              "QuickSetupID": "j1ic5",
              "QuickSetupType": "Host Management",
              "QuickSetupVersion": "2.2"
            },
            "tags_all": {
              "QuickSetupID": "j1ic5",
              "QuickSetupType": "Host Management",
              "QuickSetupVersion": "2.2"
            },
            "unique_id": "AROASPAP2IQF5YZI4QYFQ"
          },
          "sensitive_attributes": []
        }
      ]
    },
    {
      "mode": "managed",
      "type": "aws_iam_role",
      "name": "AWS_QuickSetup_HostMgmtRole_eu_west_1_j1ic5",
      "provider": "provider[\"registry.terraform.io/hashicorp/aws\"]",
      "instances": [
        {
          "schema_version": 0,
          "attributes": {
            "arn": "arn:aws:iam::169684386827:role/AWS-QuickSetup-HostMgmtRole-eu-west-1-j1ic5",
            "assume_role_policy": "{\"Version\": \"2012-10-17\", \"Statement\": [{\"Effect\": \"Allow\", \"Principal\": {\"Service\": \"ssm.amazonaws.com\"}, \"Action\": \"sts:AssumeRole\"}]}",
            "create_date": "2023-03-24T14:53:40Z",
            "description": "",
            "force_detach_policies": null,
            "id": "AWS-QuickSetup-HostMgmtRole-eu-west-1-j1ic5",
            "inline_policy": [
              {
                "name": "AWS-QuickSetup-SSMHostMgmt-CreateAndAttachRoleInlinePolicy-eu-west-1-j1ic5",
                "policy": "{\"Version\":\"2012-10-17\",\"Statement\":[{\"Action\":[\"ssm:GetAutomationExecution\",\"ec2:DescribeIamInstanceProfileAssociations\",\"ec2:DisassociateIamInstanceProfile\",\"ec2:DescribeInstances\",\"ssm:StartAutomationExecution\",\"iam:GetInstanceProfile\",\"iam:ListInstanceProfilesForRole\"],\"Effect\":\"Allow\",\"Resource\":\"*\"},{\"Action\":[\"iam:AttachRolePolicy\"],\"Condition\":{\"ArnEquals\":{\"iam:PolicyARN\":[\"arn:aws:iam::aws:policy/AmazonSSMManagedInstanceCore\",\"arn:aws:iam::aws:policy/AmazonSSMPatchAssociation\"]}},\"Effect\":\"Allow\",\"Resource\":[\"*\"]},{\"Action\":[\"iam:AddRoleToInstanceProfile\"],\"Effect\":\"Allow\",\"Resource\":[\"arn:aws:iam::169684386827:instance-profile/AmazonSSMRoleForInstancesQuickSetup\"]},{\"Action\":[\"ec2:AssociateIamInstanceProfile\"],\"Condition\":{\"StringEquals\":{\"ec2:NewInstanceProfile\":\"arn:aws:iam::169684386827:instance-profile/AmazonSSMRoleForInstancesQuickSetup\"}},\"Effect\":\"Allow\",\"Resource\":\"*\"},{\"Action\":[\"iam:CreateInstanceProfile\"],\"Effect\":\"Allow\",\"Resource\":[\"arn:aws:iam::169684386827:instance-profile/AmazonSSMRoleForInstancesQuickSetup\"]},{\"Action\":[\"iam:GetRole\"],\"Effect\":\"Allow\",\"Resource\":[\"arn:aws:iam::169684386827:role/AmazonSSMRoleForInstancesQuickSetup\",\"arn:aws:iam::169684386827:role/AWS-QuickSetup-HostMgmtRole-eu-west-1-j1ic5\"]},{\"Action\":[\"iam:PassRole\"],\"Condition\":{\"StringEquals\":{\"iam:PassedToService\":[\"ec2.amazonaws.com\"]}},\"Effect\":\"Allow\",\"Resource\":[\"arn:aws:iam::169684386827:role/AmazonSSMRoleForInstancesQuickSetup\"]},{\"Action\":[\"iam:PassRole\"],\"Condition\":{\"StringEquals\":{\"iam:PassedToService\":[\"ssm.amazonaws.com\"]}},\"Effect\":\"Allow\",\"Resource\":[\"arn:aws:iam::169684386827:role/AWS-QuickSetup-HostMgmtRole-eu-west-1-j1ic5\"]},{\"Action\":[\"iam:CreateRole\"],\"Effect\":\"Allow\",\"Resource\":[\"arn:aws:iam::169684386827:role/AmazonSSMRoleForInstancesQuickSetup\"]}]}"
              },
              {
                "name": "SSMQuickSetupEnableExplorerInlinePolicy",
                "policy": "{\"Version\":\"2012-10-17\",\"Statement\":[{\"Action\":[\"iam:ListRoles\",\"config:DescribeConfigurationRecorders\",\"compute-optimizer:GetEnrollmentStatus\",\"support:DescribeTrustedAdvisorChecks\"],\"Effect\":\"Allow\",\"Resource\":\"*\"},{\"Action\":[\"ssm:UpdateServiceSetting\",\"ssm:GetServiceSetting\"],\"Effect\":\"Allow\",\"Resource\":[\"arn:aws:ssm:*:*:servicesetting/ssm/opsitem/ssm-patchmanager\",\"arn:aws:ssm:*:*:servicesetting/ssm/opsitem/EC2\",\"arn:aws:ssm:*:*:servicesetting/ssm/opsdata/ExplorerOnboarded\",\"arn:aws:ssm:*:*:servicesetting/ssm/opsdata/Association\",\"arn:aws:ssm:*:*:servicesetting/ssm/opsdata/ComputeOptimizer\",\"arn:aws:ssm:*:*:servicesetting/ssm/opsdata/ConfigCompliance\",\"arn:aws:ssm:*:*:servicesetting/ssm/opsdata/OpsData-TrustedAdvisor\",\"arn:aws:ssm:*:*:servicesetting/ssm/opsdata/SupportCenterCase\"]},{\"Action\":[\"iam:CreateServiceLinkedRole\"],\"Condition\":{\"StringEquals\":{\"iam:AWSServiceName\":\"ssm.amazonaws.com\"}},\"Effect\":\"Allow\",\"Resource\":\"arn:aws:iam::*:role/aws-service-role/ssm.amazonaws.com/AWSServiceRoleForAmazonSSM\"}]}"
              }
            ],
            "managed_policy_arns": [],
            "max_session_duration": 3600,
            "name": "AWS-QuickSetup-HostMgmtRole-eu-west-1-j1ic5",
            "name_prefix": "",
            "path": "/",
            "permissions_boundary": null,
            "tags": {
              "QuickSetupID": "j1ic5",
              "QuickSetupType": "Host Management",
              "QuickSetupVersion": "2.2"
            },
            "tags_all": {
              "QuickSetupID": "j1ic5",
              "QuickSetupType": "Host Management",
              "QuickSetupVersion": "2.2"
            },
            "unique_id": "AROASPAP2IQF3U2D3T343"
          },
          "sensitive_attributes": []
        }
      ]
    },
    {
      "mode": "managed",
      "type": "aws_iam_role",
      "name": "AWS_QuickSetup_HostMgmtRole_eu_west_2_j1ic5",
      "provider": "provider[\"registry.terraform.io/hashicorp/aws\"]",
      "instances": [
        {
          "schema_version": 0,
          "attributes": {
            "arn": "arn:aws:iam::169684386827:role/AWS-QuickSetup-HostMgmtRole-eu-west-2-j1ic5",
            "assume_role_policy": "{\"Version\": \"2012-10-17\", \"Statement\": [{\"Effect\": \"Allow\", \"Principal\": {\"Service\": \"ssm.amazonaws.com\"}, \"Action\": \"sts:AssumeRole\"}]}",
            "create_date": "2023-03-24T14:53:41Z",
            "description": "",
            "force_detach_policies": null,
            "id": "AWS-QuickSetup-HostMgmtRole-eu-west-2-j1ic5",
            "inline_policy": [
              {
                "name": "AWS-QuickSetup-SSMHostMgmt-CreateAndAttachRoleInlinePolicy-eu-west-2-j1ic5",
                "policy": "{\"Version\":\"2012-10-17\",\"Statement\":[{\"Action\":[\"ssm:GetAutomationExecution\",\"ec2:DescribeIamInstanceProfileAssociations\",\"ec2:DisassociateIamInstanceProfile\",\"ec2:DescribeInstances\",\"ssm:StartAutomationExecution\",\"iam:GetInstanceProfile\",\"iam:ListInstanceProfilesForRole\"],\"Effect\":\"Allow\",\"Resource\":\"*\"},{\"Action\":[\"iam:AttachRolePolicy\"],\"Condition\":{\"ArnEquals\":{\"iam:PolicyARN\":[\"arn:aws:iam::aws:policy/AmazonSSMManagedInstanceCore\",\"arn:aws:iam::aws:policy/AmazonSSMPatchAssociation\"]}},\"Effect\":\"Allow\",\"Resource\":[\"*\"]},{\"Action\":[\"iam:AddRoleToInstanceProfile\"],\"Effect\":\"Allow\",\"Resource\":[\"arn:aws:iam::169684386827:instance-profile/AmazonSSMRoleForInstancesQuickSetup\"]},{\"Action\":[\"ec2:AssociateIamInstanceProfile\"],\"Condition\":{\"StringEquals\":{\"ec2:NewInstanceProfile\":\"arn:aws:iam::169684386827:instance-profile/AmazonSSMRoleForInstancesQuickSetup\"}},\"Effect\":\"Allow\",\"Resource\":\"*\"},{\"Action\":[\"iam:CreateInstanceProfile\"],\"Effect\":\"Allow\",\"Resource\":[\"arn:aws:iam::169684386827:instance-profile/AmazonSSMRoleForInstancesQuickSetup\"]},{\"Action\":[\"iam:GetRole\"],\"Effect\":\"Allow\",\"Resource\":[\"arn:aws:iam::169684386827:role/AmazonSSMRoleForInstancesQuickSetup\",\"arn:aws:iam::169684386827:role/AWS-QuickSetup-HostMgmtRole-eu-west-2-j1ic5\"]},{\"Action\":[\"iam:PassRole\"],\"Condition\":{\"StringEquals\":{\"iam:PassedToService\":[\"ec2.amazonaws.com\"]}},\"Effect\":\"Allow\",\"Resource\":[\"arn:aws:iam::169684386827:role/AmazonSSMRoleForInstancesQuickSetup\"]},{\"Action\":[\"iam:PassRole\"],\"Condition\":{\"StringEquals\":{\"iam:PassedToService\":[\"ssm.amazonaws.com\"]}},\"Effect\":\"Allow\",\"Resource\":[\"arn:aws:iam::169684386827:role/AWS-QuickSetup-HostMgmtRole-eu-west-2-j1ic5\"]},{\"Action\":[\"iam:CreateRole\"],\"Effect\":\"Allow\",\"Resource\":[\"arn:aws:iam::169684386827:role/AmazonSSMRoleForInstancesQuickSetup\"]}]}"
              },
              {
                "name": "SSMQuickSetupEnableExplorerInlinePolicy",
                "policy": "{\"Version\":\"2012-10-17\",\"Statement\":[{\"Action\":[\"iam:ListRoles\",\"config:DescribeConfigurationRecorders\",\"compute-optimizer:GetEnrollmentStatus\",\"support:DescribeTrustedAdvisorChecks\"],\"Effect\":\"Allow\",\"Resource\":\"*\"},{\"Action\":[\"ssm:UpdateServiceSetting\",\"ssm:GetServiceSetting\"],\"Effect\":\"Allow\",\"Resource\":[\"arn:aws:ssm:*:*:servicesetting/ssm/opsitem/ssm-patchmanager\",\"arn:aws:ssm:*:*:servicesetting/ssm/opsitem/EC2\",\"arn:aws:ssm:*:*:servicesetting/ssm/opsdata/ExplorerOnboarded\",\"arn:aws:ssm:*:*:servicesetting/ssm/opsdata/Association\",\"arn:aws:ssm:*:*:servicesetting/ssm/opsdata/ComputeOptimizer\",\"arn:aws:ssm:*:*:servicesetting/ssm/opsdata/ConfigCompliance\",\"arn:aws:ssm:*:*:servicesetting/ssm/opsdata/OpsData-TrustedAdvisor\",\"arn:aws:ssm:*:*:servicesetting/ssm/opsdata/SupportCenterCase\"]},{\"Action\":[\"iam:CreateServiceLinkedRole\"],\"Condition\":{\"StringEquals\":{\"iam:AWSServiceName\":\"ssm.amazonaws.com\"}},\"Effect\":\"Allow\",\"Resource\":\"arn:aws:iam::*:role/aws-service-role/ssm.amazonaws.com/AWSServiceRoleForAmazonSSM\"}]}"
              }
            ],
            "managed_policy_arns": [],
            "max_session_duration": 3600,
            "name": "AWS-QuickSetup-HostMgmtRole-eu-west-2-j1ic5",
            "name_prefix": "",
            "path": "/",
            "permissions_boundary": null,
            "tags": {
              "QuickSetupID": "j1ic5",
              "QuickSetupType": "Host Management",
              "QuickSetupVersion": "2.2"
            },
            "tags_all": {
              "QuickSetupID": "j1ic5",
              "QuickSetupType": "Host Management",
              "QuickSetupVersion": "2.2"
            },
            "unique_id": "AROASPAP2IQF4XYPY3WGY"
          },
          "sensitive_attributes": []
        }
      ]
    },
    {
      "mode": "managed",
      "type": "aws_iam_role",
      "name": "AWS_QuickSetup_HostMgmtRole_eu_west_3_j1ic5",
      "provider": "provider[\"registry.terraform.io/hashicorp/aws\"]",
      "instances": [
        {
          "schema_version": 0,
          "attributes": {
            "arn": "arn:aws:iam::169684386827:role/AWS-QuickSetup-HostMgmtRole-eu-west-3-j1ic5",
            "assume_role_policy": "{\"Version\": \"2012-10-17\", \"Statement\": [{\"Effect\": \"Allow\", \"Principal\": {\"Service\": \"ssm.amazonaws.com\"}, \"Action\": \"sts:AssumeRole\"}]}",
            "create_date": "2023-03-24T14:53:43Z",
            "description": "",
            "force_detach_policies": null,
            "id": "AWS-QuickSetup-HostMgmtRole-eu-west-3-j1ic5",
            "inline_policy": [
              {
                "name": "AWS-QuickSetup-SSMHostMgmt-CreateAndAttachRoleInlinePolicy-eu-west-3-j1ic5",
                "policy": "{\"Version\":\"2012-10-17\",\"Statement\":[{\"Action\":[\"ssm:GetAutomationExecution\",\"ec2:DescribeIamInstanceProfileAssociations\",\"ec2:DisassociateIamInstanceProfile\",\"ec2:DescribeInstances\",\"ssm:StartAutomationExecution\",\"iam:GetInstanceProfile\",\"iam:ListInstanceProfilesForRole\"],\"Effect\":\"Allow\",\"Resource\":\"*\"},{\"Action\":[\"iam:AttachRolePolicy\"],\"Condition\":{\"ArnEquals\":{\"iam:PolicyARN\":[\"arn:aws:iam::aws:policy/AmazonSSMManagedInstanceCore\",\"arn:aws:iam::aws:policy/AmazonSSMPatchAssociation\"]}},\"Effect\":\"Allow\",\"Resource\":[\"*\"]},{\"Action\":[\"iam:AddRoleToInstanceProfile\"],\"Effect\":\"Allow\",\"Resource\":[\"arn:aws:iam::169684386827:instance-profile/AmazonSSMRoleForInstancesQuickSetup\"]},{\"Action\":[\"ec2:AssociateIamInstanceProfile\"],\"Condition\":{\"StringEquals\":{\"ec2:NewInstanceProfile\":\"arn:aws:iam::169684386827:instance-profile/AmazonSSMRoleForInstancesQuickSetup\"}},\"Effect\":\"Allow\",\"Resource\":\"*\"},{\"Action\":[\"iam:CreateInstanceProfile\"],\"Effect\":\"Allow\",\"Resource\":[\"arn:aws:iam::169684386827:instance-profile/AmazonSSMRoleForInstancesQuickSetup\"]},{\"Action\":[\"iam:GetRole\"],\"Effect\":\"Allow\",\"Resource\":[\"arn:aws:iam::169684386827:role/AmazonSSMRoleForInstancesQuickSetup\",\"arn:aws:iam::169684386827:role/AWS-QuickSetup-HostMgmtRole-eu-west-3-j1ic5\"]},{\"Action\":[\"iam:PassRole\"],\"Condition\":{\"StringEquals\":{\"iam:PassedToService\":[\"ec2.amazonaws.com\"]}},\"Effect\":\"Allow\",\"Resource\":[\"arn:aws:iam::169684386827:role/AmazonSSMRoleForInstancesQuickSetup\"]},{\"Action\":[\"iam:PassRole\"],\"Condition\":{\"StringEquals\":{\"iam:PassedToService\":[\"ssm.amazonaws.com\"]}},\"Effect\":\"Allow\",\"Resource\":[\"arn:aws:iam::169684386827:role/AWS-QuickSetup-HostMgmtRole-eu-west-3-j1ic5\"]},{\"Action\":[\"iam:CreateRole\"],\"Effect\":\"Allow\",\"Resource\":[\"arn:aws:iam::169684386827:role/AmazonSSMRoleForInstancesQuickSetup\"]}]}"
              },
              {
                "name": "SSMQuickSetupEnableExplorerInlinePolicy",
                "policy": "{\"Version\":\"2012-10-17\",\"Statement\":[{\"Action\":[\"iam:ListRoles\",\"config:DescribeConfigurationRecorders\",\"compute-optimizer:GetEnrollmentStatus\",\"support:DescribeTrustedAdvisorChecks\"],\"Effect\":\"Allow\",\"Resource\":\"*\"},{\"Action\":[\"ssm:UpdateServiceSetting\",\"ssm:GetServiceSetting\"],\"Effect\":\"Allow\",\"Resource\":[\"arn:aws:ssm:*:*:servicesetting/ssm/opsitem/ssm-patchmanager\",\"arn:aws:ssm:*:*:servicesetting/ssm/opsitem/EC2\",\"arn:aws:ssm:*:*:servicesetting/ssm/opsdata/ExplorerOnboarded\",\"arn:aws:ssm:*:*:servicesetting/ssm/opsdata/Association\",\"arn:aws:ssm:*:*:servicesetting/ssm/opsdata/ComputeOptimizer\",\"arn:aws:ssm:*:*:servicesetting/ssm/opsdata/ConfigCompliance\",\"arn:aws:ssm:*:*:servicesetting/ssm/opsdata/OpsData-TrustedAdvisor\",\"arn:aws:ssm:*:*:servicesetting/ssm/opsdata/SupportCenterCase\"]},{\"Action\":[\"iam:CreateServiceLinkedRole\"],\"Condition\":{\"StringEquals\":{\"iam:AWSServiceName\":\"ssm.amazonaws.com\"}},\"Effect\":\"Allow\",\"Resource\":\"arn:aws:iam::*:role/aws-service-role/ssm.amazonaws.com/AWSServiceRoleForAmazonSSM\"}]}"
              }
            ],
            "managed_policy_arns": [],
            "max_session_duration": 3600,
            "name": "AWS-QuickSetup-HostMgmtRole-eu-west-3-j1ic5",
            "name_prefix": "",
            "path": "/",
            "permissions_boundary": null,
            "tags": {
              "QuickSetupID": "j1ic5",
              "QuickSetupType": "Host Management",
              "QuickSetupVersion": "2.2"
            },
            "tags_all": {
              "QuickSetupID": "j1ic5",
              "QuickSetupType": "Host Management",
              "QuickSetupVersion": "2.2"
            },
            "unique_id": "AROASPAP2IQFXQKDB5P56"
          },
          "sensitive_attributes": []
        }
      ]
    },
    {
      "mode": "managed",
      "type": "aws_iam_role",
      "name": "AWS_QuickSetup_HostMgmtRole_sa_east_1_j1ic5",
      "provider": "provider[\"registry.terraform.io/hashicorp/aws\"]",
      "instances": [
        {
          "schema_version": 0,
          "attributes": {
            "arn": "arn:aws:iam::169684386827:role/AWS-QuickSetup-HostMgmtRole-sa-east-1-j1ic5",
            "assume_role_policy": "{\"Version\": \"2012-10-17\", \"Statement\": [{\"Effect\": \"Allow\", \"Principal\": {\"Service\": \"ssm.amazonaws.com\"}, \"Action\": \"sts:AssumeRole\"}]}",
            "create_date": "2023-03-24T14:53:42Z",
            "description": "",
            "force_detach_policies": null,
            "id": "AWS-QuickSetup-HostMgmtRole-sa-east-1-j1ic5",
            "inline_policy": [
              {
                "name": "AWS-QuickSetup-SSMHostMgmt-CreateAndAttachRoleInlinePolicy-sa-east-1-j1ic5",
                "policy": "{\"Version\":\"2012-10-17\",\"Statement\":[{\"Action\":[\"ssm:GetAutomationExecution\",\"ec2:DescribeIamInstanceProfileAssociations\",\"ec2:DisassociateIamInstanceProfile\",\"ec2:DescribeInstances\",\"ssm:StartAutomationExecution\",\"iam:GetInstanceProfile\",\"iam:ListInstanceProfilesForRole\"],\"Effect\":\"Allow\",\"Resource\":\"*\"},{\"Action\":[\"iam:AttachRolePolicy\"],\"Condition\":{\"ArnEquals\":{\"iam:PolicyARN\":[\"arn:aws:iam::aws:policy/AmazonSSMManagedInstanceCore\",\"arn:aws:iam::aws:policy/AmazonSSMPatchAssociation\"]}},\"Effect\":\"Allow\",\"Resource\":[\"*\"]},{\"Action\":[\"iam:AddRoleToInstanceProfile\"],\"Effect\":\"Allow\",\"Resource\":[\"arn:aws:iam::169684386827:instance-profile/AmazonSSMRoleForInstancesQuickSetup\"]},{\"Action\":[\"ec2:AssociateIamInstanceProfile\"],\"Condition\":{\"StringEquals\":{\"ec2:NewInstanceProfile\":\"arn:aws:iam::169684386827:instance-profile/AmazonSSMRoleForInstancesQuickSetup\"}},\"Effect\":\"Allow\",\"Resource\":\"*\"},{\"Action\":[\"iam:CreateInstanceProfile\"],\"Effect\":\"Allow\",\"Resource\":[\"arn:aws:iam::169684386827:instance-profile/AmazonSSMRoleForInstancesQuickSetup\"]},{\"Action\":[\"iam:GetRole\"],\"Effect\":\"Allow\",\"Resource\":[\"arn:aws:iam::169684386827:role/AmazonSSMRoleForInstancesQuickSetup\",\"arn:aws:iam::169684386827:role/AWS-QuickSetup-HostMgmtRole-sa-east-1-j1ic5\"]},{\"Action\":[\"iam:PassRole\"],\"Condition\":{\"StringEquals\":{\"iam:PassedToService\":[\"ec2.amazonaws.com\"]}},\"Effect\":\"Allow\",\"Resource\":[\"arn:aws:iam::169684386827:role/AmazonSSMRoleForInstancesQuickSetup\"]},{\"Action\":[\"iam:PassRole\"],\"Condition\":{\"StringEquals\":{\"iam:PassedToService\":[\"ssm.amazonaws.com\"]}},\"Effect\":\"Allow\",\"Resource\":[\"arn:aws:iam::169684386827:role/AWS-QuickSetup-HostMgmtRole-sa-east-1-j1ic5\"]},{\"Action\":[\"iam:CreateRole\"],\"Effect\":\"Allow\",\"Resource\":[\"arn:aws:iam::169684386827:role/AmazonSSMRoleForInstancesQuickSetup\"]}]}"
              },
              {
                "name": "SSMQuickSetupEnableExplorerInlinePolicy",
                "policy": "{\"Version\":\"2012-10-17\",\"Statement\":[{\"Action\":[\"iam:ListRoles\",\"config:DescribeConfigurationRecorders\",\"compute-optimizer:GetEnrollmentStatus\",\"support:DescribeTrustedAdvisorChecks\"],\"Effect\":\"Allow\",\"Resource\":\"*\"},{\"Action\":[\"ssm:UpdateServiceSetting\",\"ssm:GetServiceSetting\"],\"Effect\":\"Allow\",\"Resource\":[\"arn:aws:ssm:*:*:servicesetting/ssm/opsitem/ssm-patchmanager\",\"arn:aws:ssm:*:*:servicesetting/ssm/opsitem/EC2\",\"arn:aws:ssm:*:*:servicesetting/ssm/opsdata/ExplorerOnboarded\",\"arn:aws:ssm:*:*:servicesetting/ssm/opsdata/Association\",\"arn:aws:ssm:*:*:servicesetting/ssm/opsdata/ComputeOptimizer\",\"arn:aws:ssm:*:*:servicesetting/ssm/opsdata/ConfigCompliance\",\"arn:aws:ssm:*:*:servicesetting/ssm/opsdata/OpsData-TrustedAdvisor\",\"arn:aws:ssm:*:*:servicesetting/ssm/opsdata/SupportCenterCase\"]},{\"Action\":[\"iam:CreateServiceLinkedRole\"],\"Condition\":{\"StringEquals\":{\"iam:AWSServiceName\":\"ssm.amazonaws.com\"}},\"Effect\":\"Allow\",\"Resource\":\"arn:aws:iam::*:role/aws-service-role/ssm.amazonaws.com/AWSServiceRoleForAmazonSSM\"}]}"
              }
            ],
            "managed_policy_arns": [],
            "max_session_duration": 3600,
            "name": "AWS-QuickSetup-HostMgmtRole-sa-east-1-j1ic5",
            "name_prefix": "",
            "path": "/",
            "permissions_boundary": null,
            "tags": {
              "QuickSetupID": "j1ic5",
              "QuickSetupType": "Host Management",
              "QuickSetupVersion": "2.2"
            },
            "tags_all": {
              "QuickSetupID": "j1ic5",
              "QuickSetupType": "Host Management",
              "QuickSetupVersion": "2.2"
            },
            "unique_id": "AROASPAP2IQFSQV4ROLOI"
          },
          "sensitive_attributes": []
        }
      ]
    },
    {
      "mode": "managed",
      "type": "aws_iam_role",
      "name": "AWS_QuickSetup_HostMgmtRole_us_east_1_j1ic5",
      "provider": "provider[\"registry.terraform.io/hashicorp/aws\"]",
      "instances": [
        {
          "schema_version": 0,
          "attributes": {
            "arn": "arn:aws:iam::169684386827:role/AWS-QuickSetup-HostMgmtRole-us-east-1-j1ic5",
            "assume_role_policy": "{\"Version\": \"2012-10-17\", \"Statement\": [{\"Effect\": \"Allow\", \"Principal\": {\"Service\": \"ssm.amazonaws.com\"}, \"Action\": \"sts:AssumeRole\"}]}",
            "create_date": "2023-03-24T14:53:41Z",
            "description": "",
            "force_detach_policies": null,
            "id": "AWS-QuickSetup-HostMgmtRole-us-east-1-j1ic5",
            "inline_policy": [
              {
                "name": "AWS-QuickSetup-SSMHostMgmt-CreateAndAttachRoleInlinePolicy-us-east-1-j1ic5",
                "policy": "{\"Version\":\"2012-10-17\",\"Statement\":[{\"Action\":[\"ssm:GetAutomationExecution\",\"ec2:DescribeIamInstanceProfileAssociations\",\"ec2:DisassociateIamInstanceProfile\",\"ec2:DescribeInstances\",\"ssm:StartAutomationExecution\",\"iam:GetInstanceProfile\",\"iam:ListInstanceProfilesForRole\"],\"Effect\":\"Allow\",\"Resource\":\"*\"},{\"Action\":[\"iam:AttachRolePolicy\"],\"Condition\":{\"ArnEquals\":{\"iam:PolicyARN\":[\"arn:aws:iam::aws:policy/AmazonSSMManagedInstanceCore\",\"arn:aws:iam::aws:policy/AmazonSSMPatchAssociation\"]}},\"Effect\":\"Allow\",\"Resource\":[\"*\"]},{\"Action\":[\"iam:AddRoleToInstanceProfile\"],\"Effect\":\"Allow\",\"Resource\":[\"arn:aws:iam::169684386827:instance-profile/AmazonSSMRoleForInstancesQuickSetup\"]},{\"Action\":[\"ec2:AssociateIamInstanceProfile\"],\"Condition\":{\"StringEquals\":{\"ec2:NewInstanceProfile\":\"arn:aws:iam::169684386827:instance-profile/AmazonSSMRoleForInstancesQuickSetup\"}},\"Effect\":\"Allow\",\"Resource\":\"*\"},{\"Action\":[\"iam:CreateInstanceProfile\"],\"Effect\":\"Allow\",\"Resource\":[\"arn:aws:iam::169684386827:instance-profile/AmazonSSMRoleForInstancesQuickSetup\"]},{\"Action\":[\"iam:GetRole\"],\"Effect\":\"Allow\",\"Resource\":[\"arn:aws:iam::169684386827:role/AmazonSSMRoleForInstancesQuickSetup\",\"arn:aws:iam::169684386827:role/AWS-QuickSetup-HostMgmtRole-us-east-1-j1ic5\"]},{\"Action\":[\"iam:PassRole\"],\"Condition\":{\"StringEquals\":{\"iam:PassedToService\":[\"ec2.amazonaws.com\"]}},\"Effect\":\"Allow\",\"Resource\":[\"arn:aws:iam::169684386827:role/AmazonSSMRoleForInstancesQuickSetup\"]},{\"Action\":[\"iam:PassRole\"],\"Condition\":{\"StringEquals\":{\"iam:PassedToService\":[\"ssm.amazonaws.com\"]}},\"Effect\":\"Allow\",\"Resource\":[\"arn:aws:iam::169684386827:role/AWS-QuickSetup-HostMgmtRole-us-east-1-j1ic5\"]},{\"Action\":[\"iam:CreateRole\"],\"Effect\":\"Allow\",\"Resource\":[\"arn:aws:iam::169684386827:role/AmazonSSMRoleForInstancesQuickSetup\"]}]}"
              },
              {
                "name": "SSMQuickSetupEnableExplorerInlinePolicy",
                "policy": "{\"Version\":\"2012-10-17\",\"Statement\":[{\"Action\":[\"iam:ListRoles\",\"config:DescribeConfigurationRecorders\",\"compute-optimizer:GetEnrollmentStatus\",\"support:DescribeTrustedAdvisorChecks\"],\"Effect\":\"Allow\",\"Resource\":\"*\"},{\"Action\":[\"ssm:UpdateServiceSetting\",\"ssm:GetServiceSetting\"],\"Effect\":\"Allow\",\"Resource\":[\"arn:aws:ssm:*:*:servicesetting/ssm/opsitem/ssm-patchmanager\",\"arn:aws:ssm:*:*:servicesetting/ssm/opsitem/EC2\",\"arn:aws:ssm:*:*:servicesetting/ssm/opsdata/ExplorerOnboarded\",\"arn:aws:ssm:*:*:servicesetting/ssm/opsdata/Association\",\"arn:aws:ssm:*:*:servicesetting/ssm/opsdata/ComputeOptimizer\",\"arn:aws:ssm:*:*:servicesetting/ssm/opsdata/ConfigCompliance\",\"arn:aws:ssm:*:*:servicesetting/ssm/opsdata/OpsData-TrustedAdvisor\",\"arn:aws:ssm:*:*:servicesetting/ssm/opsdata/SupportCenterCase\"]},{\"Action\":[\"iam:CreateServiceLinkedRole\"],\"Condition\":{\"StringEquals\":{\"iam:AWSServiceName\":\"ssm.amazonaws.com\"}},\"Effect\":\"Allow\",\"Resource\":\"arn:aws:iam::*:role/aws-service-role/ssm.amazonaws.com/AWSServiceRoleForAmazonSSM\"}]}"
              }
            ],
            "managed_policy_arns": [],
            "max_session_duration": 3600,
            "name": "AWS-QuickSetup-HostMgmtRole-us-east-1-j1ic5",
            "name_prefix": "",
            "path": "/",
            "permissions_boundary": null,
            "tags": {
              "QuickSetupID": "j1ic5",
              "QuickSetupType": "Host Management",
              "QuickSetupVersion": "2.2"
            },
            "tags_all": {
              "QuickSetupID": "j1ic5",
              "QuickSetupType": "Host Management",
              "QuickSetupVersion": "2.2"
            },
            "unique_id": "AROASPAP2IQF5VCQ5LPLP"
          },
          "sensitive_attributes": []
        }
      ]
    },
    {
      "mode": "managed",
      "type": "aws_iam_role",
      "name": "AWS_QuickSetup_HostMgmtRole_us_east_2_j1ic5",
      "provider": "provider[\"registry.terraform.io/hashicorp/aws\"]",
      "instances": [
        {
          "schema_version": 0,
          "attributes": {
            "arn": "arn:aws:iam::169684386827:role/AWS-QuickSetup-HostMgmtRole-us-east-2-j1ic5",
            "assume_role_policy": "{\"Version\": \"2012-10-17\", \"Statement\": [{\"Effect\": \"Allow\", \"Principal\": {\"Service\": \"ssm.amazonaws.com\"}, \"Action\": \"sts:AssumeRole\"}]}",
            "create_date": "2023-03-24T14:53:39Z",
            "description": "",
            "force_detach_policies": null,
            "id": "AWS-QuickSetup-HostMgmtRole-us-east-2-j1ic5",
            "inline_policy": [
              {
                "name": "AWS-QuickSetup-SSMHostMgmt-CreateAndAttachRoleInlinePolicy-us-east-2-j1ic5",
                "policy": "{\"Version\":\"2012-10-17\",\"Statement\":[{\"Action\":[\"ssm:GetAutomationExecution\",\"ec2:DescribeIamInstanceProfileAssociations\",\"ec2:DisassociateIamInstanceProfile\",\"ec2:DescribeInstances\",\"ssm:StartAutomationExecution\",\"iam:GetInstanceProfile\",\"iam:ListInstanceProfilesForRole\"],\"Effect\":\"Allow\",\"Resource\":\"*\"},{\"Action\":[\"iam:AttachRolePolicy\"],\"Condition\":{\"ArnEquals\":{\"iam:PolicyARN\":[\"arn:aws:iam::aws:policy/AmazonSSMManagedInstanceCore\",\"arn:aws:iam::aws:policy/AmazonSSMPatchAssociation\"]}},\"Effect\":\"Allow\",\"Resource\":[\"*\"]},{\"Action\":[\"iam:AddRoleToInstanceProfile\"],\"Effect\":\"Allow\",\"Resource\":[\"arn:aws:iam::169684386827:instance-profile/AmazonSSMRoleForInstancesQuickSetup\"]},{\"Action\":[\"ec2:AssociateIamInstanceProfile\"],\"Condition\":{\"StringEquals\":{\"ec2:NewInstanceProfile\":\"arn:aws:iam::169684386827:instance-profile/AmazonSSMRoleForInstancesQuickSetup\"}},\"Effect\":\"Allow\",\"Resource\":\"*\"},{\"Action\":[\"iam:CreateInstanceProfile\"],\"Effect\":\"Allow\",\"Resource\":[\"arn:aws:iam::169684386827:instance-profile/AmazonSSMRoleForInstancesQuickSetup\"]},{\"Action\":[\"iam:GetRole\"],\"Effect\":\"Allow\",\"Resource\":[\"arn:aws:iam::169684386827:role/AmazonSSMRoleForInstancesQuickSetup\",\"arn:aws:iam::169684386827:role/AWS-QuickSetup-HostMgmtRole-us-east-2-j1ic5\"]},{\"Action\":[\"iam:PassRole\"],\"Condition\":{\"StringEquals\":{\"iam:PassedToService\":[\"ec2.amazonaws.com\"]}},\"Effect\":\"Allow\",\"Resource\":[\"arn:aws:iam::169684386827:role/AmazonSSMRoleForInstancesQuickSetup\"]},{\"Action\":[\"iam:PassRole\"],\"Condition\":{\"StringEquals\":{\"iam:PassedToService\":[\"ssm.amazonaws.com\"]}},\"Effect\":\"Allow\",\"Resource\":[\"arn:aws:iam::169684386827:role/AWS-QuickSetup-HostMgmtRole-us-east-2-j1ic5\"]},{\"Action\":[\"iam:CreateRole\"],\"Effect\":\"Allow\",\"Resource\":[\"arn:aws:iam::169684386827:role/AmazonSSMRoleForInstancesQuickSetup\"]}]}"
              },
              {
                "name": "SSMQuickSetupEnableExplorerInlinePolicy",
                "policy": "{\"Version\":\"2012-10-17\",\"Statement\":[{\"Action\":[\"iam:ListRoles\",\"config:DescribeConfigurationRecorders\",\"compute-optimizer:GetEnrollmentStatus\",\"support:DescribeTrustedAdvisorChecks\"],\"Effect\":\"Allow\",\"Resource\":\"*\"},{\"Action\":[\"ssm:UpdateServiceSetting\",\"ssm:GetServiceSetting\"],\"Effect\":\"Allow\",\"Resource\":[\"arn:aws:ssm:*:*:servicesetting/ssm/opsitem/ssm-patchmanager\",\"arn:aws:ssm:*:*:servicesetting/ssm/opsitem/EC2\",\"arn:aws:ssm:*:*:servicesetting/ssm/opsdata/ExplorerOnboarded\",\"arn:aws:ssm:*:*:servicesetting/ssm/opsdata/Association\",\"arn:aws:ssm:*:*:servicesetting/ssm/opsdata/ComputeOptimizer\",\"arn:aws:ssm:*:*:servicesetting/ssm/opsdata/ConfigCompliance\",\"arn:aws:ssm:*:*:servicesetting/ssm/opsdata/OpsData-TrustedAdvisor\",\"arn:aws:ssm:*:*:servicesetting/ssm/opsdata/SupportCenterCase\"]},{\"Action\":[\"iam:CreateServiceLinkedRole\"],\"Condition\":{\"StringEquals\":{\"iam:AWSServiceName\":\"ssm.amazonaws.com\"}},\"Effect\":\"Allow\",\"Resource\":\"arn:aws:iam::*:role/aws-service-role/ssm.amazonaws.com/AWSServiceRoleForAmazonSSM\"}]}"
              }
            ],
            "managed_policy_arns": [],
            "max_session_duration": 3600,
            "name": "AWS-QuickSetup-HostMgmtRole-us-east-2-j1ic5",
            "name_prefix": "",
            "path": "/",
            "permissions_boundary": null,
            "tags": {
              "QuickSetupID": "j1ic5",
              "QuickSetupType": "Host Management",
              "QuickSetupVersion": "2.2"
            },
            "tags_all": {
              "QuickSetupID": "j1ic5",
              "QuickSetupType": "Host Management",
              "QuickSetupVersion": "2.2"
            },
            "unique_id": "AROASPAP2IQFUK2CALZYQ"
          },
          "sensitive_attributes": []
        }
      ]
    },
    {
      "mode": "managed",
      "type": "aws_iam_role",
      "name": "AWS_QuickSetup_HostMgmtRole_us_west_1_j1ic5",
      "provider": "provider[\"registry.terraform.io/hashicorp/aws\"]",
      "instances": [
        {
          "schema_version": 0,
          "attributes": {
            "arn": "arn:aws:iam::169684386827:role/AWS-QuickSetup-HostMgmtRole-us-west-1-j1ic5",
            "assume_role_policy": "{\"Version\": \"2012-10-17\", \"Statement\": [{\"Effect\": \"Allow\", \"Principal\": {\"Service\": \"ssm.amazonaws.com\"}, \"Action\": \"sts:AssumeRole\"}]}",
            "create_date": "2023-03-24T14:53:40Z",
            "description": "",
            "force_detach_policies": null,
            "id": "AWS-QuickSetup-HostMgmtRole-us-west-1-j1ic5",
            "inline_policy": [
              {
                "name": "AWS-QuickSetup-SSMHostMgmt-CreateAndAttachRoleInlinePolicy-us-west-1-j1ic5",
                "policy": "{\"Version\":\"2012-10-17\",\"Statement\":[{\"Action\":[\"ssm:GetAutomationExecution\",\"ec2:DescribeIamInstanceProfileAssociations\",\"ec2:DisassociateIamInstanceProfile\",\"ec2:DescribeInstances\",\"ssm:StartAutomationExecution\",\"iam:GetInstanceProfile\",\"iam:ListInstanceProfilesForRole\"],\"Effect\":\"Allow\",\"Resource\":\"*\"},{\"Action\":[\"iam:AttachRolePolicy\"],\"Condition\":{\"ArnEquals\":{\"iam:PolicyARN\":[\"arn:aws:iam::aws:policy/AmazonSSMManagedInstanceCore\",\"arn:aws:iam::aws:policy/AmazonSSMPatchAssociation\"]}},\"Effect\":\"Allow\",\"Resource\":[\"*\"]},{\"Action\":[\"iam:AddRoleToInstanceProfile\"],\"Effect\":\"Allow\",\"Resource\":[\"arn:aws:iam::169684386827:instance-profile/AmazonSSMRoleForInstancesQuickSetup\"]},{\"Action\":[\"ec2:AssociateIamInstanceProfile\"],\"Condition\":{\"StringEquals\":{\"ec2:NewInstanceProfile\":\"arn:aws:iam::169684386827:instance-profile/AmazonSSMRoleForInstancesQuickSetup\"}},\"Effect\":\"Allow\",\"Resource\":\"*\"},{\"Action\":[\"iam:CreateInstanceProfile\"],\"Effect\":\"Allow\",\"Resource\":[\"arn:aws:iam::169684386827:instance-profile/AmazonSSMRoleForInstancesQuickSetup\"]},{\"Action\":[\"iam:GetRole\"],\"Effect\":\"Allow\",\"Resource\":[\"arn:aws:iam::169684386827:role/AmazonSSMRoleForInstancesQuickSetup\",\"arn:aws:iam::169684386827:role/AWS-QuickSetup-HostMgmtRole-us-west-1-j1ic5\"]},{\"Action\":[\"iam:PassRole\"],\"Condition\":{\"StringEquals\":{\"iam:PassedToService\":[\"ec2.amazonaws.com\"]}},\"Effect\":\"Allow\",\"Resource\":[\"arn:aws:iam::169684386827:role/AmazonSSMRoleForInstancesQuickSetup\"]},{\"Action\":[\"iam:PassRole\"],\"Condition\":{\"StringEquals\":{\"iam:PassedToService\":[\"ssm.amazonaws.com\"]}},\"Effect\":\"Allow\",\"Resource\":[\"arn:aws:iam::169684386827:role/AWS-QuickSetup-HostMgmtRole-us-west-1-j1ic5\"]},{\"Action\":[\"iam:CreateRole\"],\"Effect\":\"Allow\",\"Resource\":[\"arn:aws:iam::169684386827:role/AmazonSSMRoleForInstancesQuickSetup\"]}]}"
              },
              {
                "name": "SSMQuickSetupEnableExplorerInlinePolicy",
                "policy": "{\"Version\":\"2012-10-17\",\"Statement\":[{\"Action\":[\"iam:ListRoles\",\"config:DescribeConfigurationRecorders\",\"compute-optimizer:GetEnrollmentStatus\",\"support:DescribeTrustedAdvisorChecks\"],\"Effect\":\"Allow\",\"Resource\":\"*\"},{\"Action\":[\"ssm:UpdateServiceSetting\",\"ssm:GetServiceSetting\"],\"Effect\":\"Allow\",\"Resource\":[\"arn:aws:ssm:*:*:servicesetting/ssm/opsitem/ssm-patchmanager\",\"arn:aws:ssm:*:*:servicesetting/ssm/opsitem/EC2\",\"arn:aws:ssm:*:*:servicesetting/ssm/opsdata/ExplorerOnboarded\",\"arn:aws:ssm:*:*:servicesetting/ssm/opsdata/Association\",\"arn:aws:ssm:*:*:servicesetting/ssm/opsdata/ComputeOptimizer\",\"arn:aws:ssm:*:*:servicesetting/ssm/opsdata/ConfigCompliance\",\"arn:aws:ssm:*:*:servicesetting/ssm/opsdata/OpsData-TrustedAdvisor\",\"arn:aws:ssm:*:*:servicesetting/ssm/opsdata/SupportCenterCase\"]},{\"Action\":[\"iam:CreateServiceLinkedRole\"],\"Condition\":{\"StringEquals\":{\"iam:AWSServiceName\":\"ssm.amazonaws.com\"}},\"Effect\":\"Allow\",\"Resource\":\"arn:aws:iam::*:role/aws-service-role/ssm.amazonaws.com/AWSServiceRoleForAmazonSSM\"}]}"
              }
            ],
            "managed_policy_arns": [],
            "max_session_duration": 3600,
            "name": "AWS-QuickSetup-HostMgmtRole-us-west-1-j1ic5",
            "name_prefix": "",
            "path": "/",
            "permissions_boundary": null,
            "tags": {
              "QuickSetupID": "j1ic5",
              "QuickSetupType": "Host Management",
              "QuickSetupVersion": "2.2"
            },
            "tags_all": {
              "QuickSetupID": "j1ic5",
              "QuickSetupType": "Host Management",
              "QuickSetupVersion": "2.2"
            },
            "unique_id": "AROASPAP2IQFXL4N23BT2"
          },
          "sensitive_attributes": []
        }
      ]
    },
    {
      "mode": "managed",
      "type": "aws_iam_role",
      "name": "AWS_QuickSetup_HostMgmtRole_us_west_2_j1ic5",
      "provider": "provider[\"registry.terraform.io/hashicorp/aws\"]",
      "instances": [
        {
          "schema_version": 0,
          "attributes": {
            "arn": "arn:aws:iam::169684386827:role/AWS-QuickSetup-HostMgmtRole-us-west-2-j1ic5",
            "assume_role_policy": "{\"Version\": \"2012-10-17\", \"Statement\": [{\"Effect\": \"Allow\", \"Principal\": {\"Service\": \"ssm.amazonaws.com\"}, \"Action\": \"sts:AssumeRole\"}]}",
            "create_date": "2023-03-24T14:53:41Z",
            "description": "",
            "force_detach_policies": null,
            "id": "AWS-QuickSetup-HostMgmtRole-us-west-2-j1ic5",
            "inline_policy": [
              {
                "name": "AWS-QuickSetup-SSMHostMgmt-CreateAndAttachRoleInlinePolicy-us-west-2-j1ic5",
                "policy": "{\"Version\":\"2012-10-17\",\"Statement\":[{\"Action\":[\"ssm:GetAutomationExecution\",\"ec2:DescribeIamInstanceProfileAssociations\",\"ec2:DisassociateIamInstanceProfile\",\"ec2:DescribeInstances\",\"ssm:StartAutomationExecution\",\"iam:GetInstanceProfile\",\"iam:ListInstanceProfilesForRole\"],\"Effect\":\"Allow\",\"Resource\":\"*\"},{\"Action\":[\"iam:AttachRolePolicy\"],\"Condition\":{\"ArnEquals\":{\"iam:PolicyARN\":[\"arn:aws:iam::aws:policy/AmazonSSMManagedInstanceCore\",\"arn:aws:iam::aws:policy/AmazonSSMPatchAssociation\"]}},\"Effect\":\"Allow\",\"Resource\":[\"*\"]},{\"Action\":[\"iam:AddRoleToInstanceProfile\"],\"Effect\":\"Allow\",\"Resource\":[\"arn:aws:iam::169684386827:instance-profile/AmazonSSMRoleForInstancesQuickSetup\"]},{\"Action\":[\"ec2:AssociateIamInstanceProfile\"],\"Condition\":{\"StringEquals\":{\"ec2:NewInstanceProfile\":\"arn:aws:iam::169684386827:instance-profile/AmazonSSMRoleForInstancesQuickSetup\"}},\"Effect\":\"Allow\",\"Resource\":\"*\"},{\"Action\":[\"iam:CreateInstanceProfile\"],\"Effect\":\"Allow\",\"Resource\":[\"arn:aws:iam::169684386827:instance-profile/AmazonSSMRoleForInstancesQuickSetup\"]},{\"Action\":[\"iam:GetRole\"],\"Effect\":\"Allow\",\"Resource\":[\"arn:aws:iam::169684386827:role/AmazonSSMRoleForInstancesQuickSetup\",\"arn:aws:iam::169684386827:role/AWS-QuickSetup-HostMgmtRole-us-west-2-j1ic5\"]},{\"Action\":[\"iam:PassRole\"],\"Condition\":{\"StringEquals\":{\"iam:PassedToService\":[\"ec2.amazonaws.com\"]}},\"Effect\":\"Allow\",\"Resource\":[\"arn:aws:iam::169684386827:role/AmazonSSMRoleForInstancesQuickSetup\"]},{\"Action\":[\"iam:PassRole\"],\"Condition\":{\"StringEquals\":{\"iam:PassedToService\":[\"ssm.amazonaws.com\"]}},\"Effect\":\"Allow\",\"Resource\":[\"arn:aws:iam::169684386827:role/AWS-QuickSetup-HostMgmtRole-us-west-2-j1ic5\"]},{\"Action\":[\"iam:CreateRole\"],\"Effect\":\"Allow\",\"Resource\":[\"arn:aws:iam::169684386827:role/AmazonSSMRoleForInstancesQuickSetup\"]}]}"
              },
              {
                "name": "SSMQuickSetupEnableExplorerInlinePolicy",
                "policy": "{\"Version\":\"2012-10-17\",\"Statement\":[{\"Action\":[\"iam:ListRoles\",\"config:DescribeConfigurationRecorders\",\"compute-optimizer:GetEnrollmentStatus\",\"support:DescribeTrustedAdvisorChecks\"],\"Effect\":\"Allow\",\"Resource\":\"*\"},{\"Action\":[\"ssm:UpdateServiceSetting\",\"ssm:GetServiceSetting\"],\"Effect\":\"Allow\",\"Resource\":[\"arn:aws:ssm:*:*:servicesetting/ssm/opsitem/ssm-patchmanager\",\"arn:aws:ssm:*:*:servicesetting/ssm/opsitem/EC2\",\"arn:aws:ssm:*:*:servicesetting/ssm/opsdata/ExplorerOnboarded\",\"arn:aws:ssm:*:*:servicesetting/ssm/opsdata/Association\",\"arn:aws:ssm:*:*:servicesetting/ssm/opsdata/ComputeOptimizer\",\"arn:aws:ssm:*:*:servicesetting/ssm/opsdata/ConfigCompliance\",\"arn:aws:ssm:*:*:servicesetting/ssm/opsdata/OpsData-TrustedAdvisor\",\"arn:aws:ssm:*:*:servicesetting/ssm/opsdata/SupportCenterCase\"]},{\"Action\":[\"iam:CreateServiceLinkedRole\"],\"Condition\":{\"StringEquals\":{\"iam:AWSServiceName\":\"ssm.amazonaws.com\"}},\"Effect\":\"Allow\",\"Resource\":\"arn:aws:iam::*:role/aws-service-role/ssm.amazonaws.com/AWSServiceRoleForAmazonSSM\"}]}"
              }
            ],
            "managed_policy_arns": [],
            "max_session_duration": 3600,
            "name": "AWS-QuickSetup-HostMgmtRole-us-west-2-j1ic5",
            "name_prefix": "",
            "path": "/",
            "permissions_boundary": null,
            "tags": {
              "QuickSetupID": "j1ic5",
              "QuickSetupType": "Host Management",
              "QuickSetupVersion": "2.2"
            },
            "tags_all": {
              "QuickSetupID": "j1ic5",
              "QuickSetupType": "Host Management",
              "QuickSetupVersion": "2.2"
            },
            "unique_id": "AROASPAP2IQF6QFFIXI26"
          },
          "sensitive_attributes": []
        }
      ]
    },
    {
      "mode": "managed",
      "type": "aws_iam_role",
      "name": "AmazonEKS_EBS_CSI_DriverRole",
      "provider": "provider[\"registry.terraform.io/hashicorp/aws\"]",
      "instances": [
        {
          "schema_version": 0,
          "attributes": {
            "arn": "arn:aws:iam::169684386827:role/AmazonEKS_EBS_CSI_DriverRole",
            "assume_role_policy": "{\"Version\": \"2012-10-17\", \"Statement\": [{\"Effect\": \"Allow\", \"Principal\": {\"Federated\": \"arn:aws:iam::169684386827:oidc-provider/oidc.eks.us-east-1.amazonaws.com/id/8BD6E1D2FEBDE47C8177E29CAC9E6C61\"}, \"Action\": \"sts:AssumeRoleWithWebIdentity\", \"Condition\": {\"StringEquals\": {\"oidc.eks.us-east-1.amazonaws.com/id/8BD6E1D2FEBDE47C8177E29CAC9E6C61:aud\": \"sts.amazonaws.com\", \"oidc.eks.us-east-1.amazonaws.com/id/8BD6E1D2FEBDE47C8177E29CAC9E6C61:sub\": \"system:serviceaccount:kube-system:ebs-csi-controller-sa\"}}}]}",
            "create_date": "2022-10-12T19:01:43Z",
            "description": "",
            "force_detach_policies": null,
            "id": "AmazonEKS_EBS_CSI_DriverRole",
            "inline_policy": [],
            "managed_policy_arns": [
              "arn:aws:iam::169684386827:policy/KMS_Key_For_Encryption_On_EBS_Policy",
              "arn:aws:iam::aws:policy/service-role/AmazonEBSCSIDriverPolicy"
            ],
            "max_session_duration": 3600,
            "name": "AmazonEKS_EBS_CSI_DriverRole",
            "name_prefix": "",
            "path": "/",
            "permissions_boundary": null,
            "tags": {
              "alpha.eksctl.io/cluster-name": "posthog-dev",
              "alpha.eksctl.io/eksctl-version": "0.114.0-dev+48660cbd1.2022-10-08T02:21:31Z",
              "alpha.eksctl.io/iamserviceaccount-name": "kube-system/ebs-csi-controller-sa",
              "eksctl.cluster.k8s.io/v1alpha1/cluster-name": "posthog-dev"
            },
            "tags_all": {
              "alpha.eksctl.io/cluster-name": "posthog-dev",
              "alpha.eksctl.io/eksctl-version": "0.114.0-dev+48660cbd1.2022-10-08T02:21:31Z",
              "alpha.eksctl.io/iamserviceaccount-name": "kube-system/ebs-csi-controller-sa",
              "eksctl.cluster.k8s.io/v1alpha1/cluster-name": "posthog-dev"
            },
            "unique_id": "AROASPAP2IQFYY2LG46ZP"
          },
          "sensitive_attributes": []
        }
      ]
    },
    {
      "mode": "managed",
      "type": "aws_iam_role",
      "name": "DrataAutopilotRole",
      "provider": "provider[\"registry.terraform.io/hashicorp/aws\"]",
      "instances": [
        {
          "schema_version": 0,
          "attributes": {
            "arn": "arn:aws:iam::169684386827:role/DrataAutopilotRole",
            "assume_role_policy": "{\"Version\": \"2012-10-17\", \"Statement\": [{\"Sid\": \"\", \"Effect\": \"Allow\", \"Principal\": {\"AWS\": \"arn:aws:iam::269135526815:root\"}, \"Action\": \"sts:AssumeRole\", \"Condition\": {\"StringEquals\": {\"sts:ExternalId\": \"805315dd-8452-461b-850d-fb1957ecb803\"}}}]}",
            "create_date": "2022-10-23T22:36:44Z",
            "description": "Cross-account read-only access for Drata Autopilot",
            "force_detach_policies": null,
            "id": "DrataAutopilotRole",
            "inline_policy": [],
            "managed_policy_arns": [
              "arn:aws:iam::aws:policy/SecurityAudit"
            ],
            "max_session_duration": 3600,
            "name": "DrataAutopilotRole",
            "name_prefix": "",
            "path": "/",
            "permissions_boundary": null,
            "tags": {
              "Environment": "dev",
              "ManagedByTerraform": "true",
              "Region": "us-east-1"
            },
            "tags_all": {
              "Environment": "dev",
              "ManagedByTerraform": "true",
              "Region": "us-east-1"
            },
            "unique_id": "AROASPAP2IQFYK55AK3R3"
          },
          "sensitive_attributes": []
        }
      ]
    },
    {
      "mode": "managed",
      "type": "aws_iam_role",
      "name": "OrganizationAccountAccessRole",
      "provider": "provider[\"registry.terraform.io/hashicorp/aws\"]",
      "instances": [
        {
          "schema_version": 0,
          "attributes": {
            "arn": "arn:aws:iam::169684386827:role/OrganizationAccountAccessRole",
            "assume_role_policy": "{\"Version\": \"2012-10-17\", \"Statement\": [{\"Effect\": \"Allow\", \"Principal\": {\"AWS\": \"arn:aws:iam::795637471508:root\"}, \"Action\": \"sts:AssumeRole\"}]}",
            "create_date": "2022-04-12T07:20:48Z",
            "description": "",
            "force_detach_policies": null,
            "id": "OrganizationAccountAccessRole",
            "inline_policy": [],
            "managed_policy_arns": [
              "arn:aws:iam::aws:policy/AdministratorAccess"
            ],
            "max_session_duration": 3600,
            "name": "OrganizationAccountAccessRole",
            "name_prefix": "",
            "path": "/",
            "permissions_boundary": null,
            "tags": {},
            "tags_all": {},
            "unique_id": "AROASPAP2IQFX265ACFJI"
          },
          "sensitive_attributes": []
        }
      ]
    },
    {
      "mode": "managed",
      "type": "aws_iam_role",
      "name": "az1_4xlarge_eks_node_group_20220818161915282900000006",
      "provider": "provider[\"registry.terraform.io/hashicorp/aws\"]",
      "instances": [
        {
          "schema_version": 0,
          "attributes": {
            "arn": "arn:aws:iam::169684386827:role/az1-4xlarge-eks-node-group-20220818161915282900000006",
            "assume_role_policy": "{\"Version\": \"2012-10-17\", \"Statement\": [{\"Sid\": \"EKSNodeAssumeRole\", \"Effect\": \"Allow\", \"Principal\": {\"Service\": \"ec2.amazonaws.com\"}, \"Action\": \"sts:AssumeRole\"}]}",
            "create_date": "2022-08-18T16:19:15Z",
            "description": "EKS managed node group IAM role",
            "force_detach_policies": null,
            "id": "az1-4xlarge-eks-node-group-20220818161915282900000006",
            "inline_policy": [],
            "managed_policy_arns": [
              "arn:aws:iam::aws:policy/AmazonEC2ContainerRegistryReadOnly",
              "arn:aws:iam::aws:policy/AmazonEKSWorkerNodePolicy",
              "arn:aws:iam::aws:policy/AmazonEKS_CNI_Policy"
            ],
            "max_session_duration": 3600,
            "name": "az1-4xlarge-eks-node-group-20220818161915282900000006",
            "name_prefix": "az1-4xlarge-eks-node-group-",
            "path": "/",
            "permissions_boundary": null,
            "tags": {
              "Environment": "dev",
              "ManagedByTerraform": "true"
            },
            "tags_all": {
              "Environment": "dev",
              "ManagedByTerraform": "true"
            },
            "unique_id": "AROASPAP2IQFZSNF46V3F"
          },
          "sensitive_attributes": []
        }
      ]
    },
    {
      "mode": "managed",
      "type": "aws_iam_role",
      "name": "az1_4xlarge_eks_node_group_20220823125548116500000007",
      "provider": "provider[\"registry.terraform.io/hashicorp/aws\"]",
      "instances": [
        {
          "schema_version": 0,
          "attributes": {
            "arn": "arn:aws:iam::169684386827:role/az1-4xlarge-eks-node-group-20220823125548116500000007",
            "assume_role_policy": "{\"Version\": \"2012-10-17\", \"Statement\": [{\"Sid\": \"EKSNodeAssumeRole\", \"Effect\": \"Allow\", \"Principal\": {\"Service\": \"ec2.amazonaws.com\"}, \"Action\": \"sts:AssumeRole\"}]}",
            "create_date": "2022-08-23T12:55:48Z",
            "description": "EKS managed node group IAM role",
            "force_detach_policies": null,
            "id": "az1-4xlarge-eks-node-group-20220823125548116500000007",
            "inline_policy": [],
            "managed_policy_arns": [
              "arn:aws:iam::aws:policy/AmazonEC2ContainerRegistryReadOnly",
              "arn:aws:iam::aws:policy/AmazonEKSWorkerNodePolicy",
              "arn:aws:iam::aws:policy/AmazonEKS_CNI_Policy",
              "arn:aws:iam::aws:policy/AmazonSSMManagedInstanceCore",
              "arn:aws:iam::aws:policy/AmazonSSMPatchAssociation"
            ],
            "max_session_duration": 3600,
            "name": "az1-4xlarge-eks-node-group-20220823125548116500000007",
            "name_prefix": "az1-4xlarge-eks-node-group-",
            "path": "/",
            "permissions_boundary": null,
            "tags": {
              "Environment": "dev",
              "ManagedByTerraform": "true",
              "Region": "us-east-1"
            },
            "tags_all": {
              "Environment": "dev",
              "ManagedByTerraform": "true",
              "Region": "us-east-1"
            },
            "unique_id": "AROASPAP2IQFTUSI3KVOC"
          },
          "sensitive_attributes": []
        }
      ]
    },
    {
      "mode": "managed",
      "type": "aws_iam_role",
      "name": "az1_4xlarge_eks_node_group_20221020153002485400000006",
      "provider": "provider[\"registry.terraform.io/hashicorp/aws\"]",
      "instances": [
        {
          "schema_version": 0,
          "attributes": {
            "arn": "arn:aws:iam::169684386827:role/az1-4xlarge-eks-node-group-20221020153002485400000006",
            "assume_role_policy": "{\"Version\": \"2012-10-17\", \"Statement\": [{\"Sid\": \"EKSNodeAssumeRole\", \"Effect\": \"Allow\", \"Principal\": {\"Service\": \"ec2.amazonaws.com\"}, \"Action\": \"sts:AssumeRole\"}]}",
            "create_date": "2022-10-20T15:30:02Z",
            "description": "EKS managed node group IAM role",
            "force_detach_policies": null,
            "id": "az1-4xlarge-eks-node-group-20221020153002485400000006",
            "inline_policy": [],
            "managed_policy_arns": [
              "arn:aws:iam::aws:policy/AmazonEC2ContainerRegistryReadOnly",
              "arn:aws:iam::aws:policy/AmazonEKSWorkerNodePolicy",
              "arn:aws:iam::aws:policy/AmazonEKS_CNI_Policy"
            ],
            "max_session_duration": 3600,
            "name": "az1-4xlarge-eks-node-group-20221020153002485400000006",
            "name_prefix": "az1-4xlarge-eks-node-group-",
            "path": "/",
            "permissions_boundary": null,
            "tags": {
              "Environment": "dev",
              "ManagedByTerraform": "true"
            },
            "tags_all": {
              "Environment": "dev",
              "ManagedByTerraform": "true"
            },
            "unique_id": "AROASPAP2IQF26HCWPT6Q"
          },
          "sensitive_attributes": []
        }
      ]
    },
    {
      "mode": "managed",
      "type": "aws_iam_role",
      "name": "az1_4xlarge_eks_node_group_20221102203257004000000009",
      "provider": "provider[\"registry.terraform.io/hashicorp/aws\"]",
      "instances": [
        {
          "schema_version": 0,
          "attributes": {
            "arn": "arn:aws:iam::169684386827:role/az1-4xlarge-eks-node-group-20221102203257004000000009",
            "assume_role_policy": "{\"Version\": \"2012-10-17\", \"Statement\": [{\"Sid\": \"EKSNodeAssumeRole\", \"Effect\": \"Allow\", \"Principal\": {\"Service\": \"ec2.amazonaws.com\"}, \"Action\": \"sts:AssumeRole\"}]}",
            "create_date": "2022-11-02T20:32:57Z",
            "description": "EKS managed node group IAM role",
            "force_detach_policies": null,
            "id": "az1-4xlarge-eks-node-group-20221102203257004000000009",
            "inline_policy": [],
            "managed_policy_arns": [
              "arn:aws:iam::aws:policy/AmazonEC2ContainerRegistryReadOnly",
              "arn:aws:iam::aws:policy/AmazonEKSWorkerNodePolicy",
              "arn:aws:iam::aws:policy/AmazonEKS_CNI_Policy"
            ],
            "max_session_duration": 3600,
            "name": "az1-4xlarge-eks-node-group-20221102203257004000000009",
            "name_prefix": "az1-4xlarge-eks-node-group-",
            "path": "/",
            "permissions_boundary": null,
            "tags": {
              "Environment": "dev",
              "ManagedByTerraform": "true"
            },
            "tags_all": {
              "Environment": "dev",
              "ManagedByTerraform": "true"
            },
            "unique_id": "AROASPAP2IQF62E3XVIM4"
          },
          "sensitive_attributes": []
        }
      ]
    },
    {
      "mode": "managed",
      "type": "aws_iam_role",
      "name": "az1_4xlarge_eks_node_group_20221110172120390200000007",
      "provider": "provider[\"registry.terraform.io/hashicorp/aws\"]",
      "instances": [
        {
          "schema_version": 0,
          "attributes": {
            "arn": "arn:aws:iam::169684386827:role/az1-4xlarge-eks-node-group-20221110172120390200000007",
            "assume_role_policy": "{\"Version\": \"2012-10-17\", \"Statement\": [{\"Sid\": \"EKSNodeAssumeRole\", \"Effect\": \"Allow\", \"Principal\": {\"Service\": \"ec2.amazonaws.com\"}, \"Action\": \"sts:AssumeRole\"}]}",
            "create_date": "2022-11-10T17:21:20Z",
            "description": "EKS managed node group IAM role",
            "force_detach_policies": null,
            "id": "az1-4xlarge-eks-node-group-20221110172120390200000007",
            "inline_policy": [],
            "managed_policy_arns": [
              "arn:aws:iam::aws:policy/AmazonEC2ContainerRegistryReadOnly",
              "arn:aws:iam::aws:policy/AmazonEKSWorkerNodePolicy",
              "arn:aws:iam::aws:policy/AmazonEKS_CNI_Policy"
            ],
            "max_session_duration": 3600,
            "name": "az1-4xlarge-eks-node-group-20221110172120390200000007",
            "name_prefix": "az1-4xlarge-eks-node-group-",
            "path": "/",
            "permissions_boundary": null,
            "tags": {
              "Environment": "dev",
              "ManagedByTerraform": "true"
            },
            "tags_all": {
              "Environment": "dev",
              "ManagedByTerraform": "true"
            },
            "unique_id": "AROASPAP2IQFTCH2GWSMX"
          },
          "sensitive_attributes": []
        }
      ]
    },
    {
      "mode": "managed",
      "type": "aws_iam_role",
      "name": "az1_4xlarge_eks_node_group_20230124155745065400000006",
      "provider": "provider[\"registry.terraform.io/hashicorp/aws\"]",
      "instances": [
        {
          "schema_version": 0,
          "attributes": {
            "arn": "arn:aws:iam::169684386827:role/az1-4xlarge-eks-node-group-20230124155745065400000006",
            "assume_role_policy": "{\"Version\": \"2012-10-17\", \"Statement\": [{\"Sid\": \"EKSNodeAssumeRole\", \"Effect\": \"Allow\", \"Principal\": {\"Service\": \"ec2.amazonaws.com\"}, \"Action\": \"sts:AssumeRole\"}]}",
            "create_date": "2023-01-24T15:57:45Z",
            "description": "EKS managed node group IAM role",
            "force_detach_policies": null,
            "id": "az1-4xlarge-eks-node-group-20230124155745065400000006",
            "inline_policy": [],
            "managed_policy_arns": [
              "arn:aws:iam::aws:policy/AmazonEC2ContainerRegistryReadOnly",
              "arn:aws:iam::aws:policy/AmazonEKSWorkerNodePolicy",
              "arn:aws:iam::aws:policy/AmazonEKS_CNI_Policy"
            ],
            "max_session_duration": 3600,
            "name": "az1-4xlarge-eks-node-group-20230124155745065400000006",
            "name_prefix": "az1-4xlarge-eks-node-group-",
            "path": "/",
            "permissions_boundary": null,
            "tags": {
              "Environment": "dev",
              "ManagedByTerraform": "true"
            },
            "tags_all": {
              "Environment": "dev",
              "ManagedByTerraform": "true"
            },
            "unique_id": "AROASPAP2IQFZE2RNLNWI"
          },
          "sensitive_attributes": []
        }
      ]
    },
    {
      "mode": "managed",
      "type": "aws_iam_role",
      "name": "az1_4xlarge_eks_node_group_2023031716524215360000000b",
      "provider": "provider[\"registry.terraform.io/hashicorp/aws\"]",
      "instances": [
        {
          "schema_version": 0,
          "attributes": {
            "arn": "arn:aws:iam::169684386827:role/az1-4xlarge-eks-node-group-2023031716524215360000000b",
            "assume_role_policy": "{\"Version\": \"2012-10-17\", \"Statement\": [{\"Sid\": \"EKSNodeAssumeRole\", \"Effect\": \"Allow\", \"Principal\": {\"Service\": \"ec2.amazonaws.com\"}, \"Action\": \"sts:AssumeRole\"}]}",
            "create_date": "2023-03-17T16:52:42Z",
            "description": "EKS managed node group IAM role",
            "force_detach_policies": null,
            "id": "az1-4xlarge-eks-node-group-2023031716524215360000000b",
            "inline_policy": [],
            "managed_policy_arns": [
              "arn:aws:iam::aws:policy/AmazonEC2ContainerRegistryReadOnly",
              "arn:aws:iam::aws:policy/AmazonEKSWorkerNodePolicy",
              "arn:aws:iam::aws:policy/AmazonEKS_CNI_Policy"
            ],
            "max_session_duration": 3600,
            "name": "az1-4xlarge-eks-node-group-2023031716524215360000000b",
            "name_prefix": "az1-4xlarge-eks-node-group-",
            "path": "/",
            "permissions_boundary": null,
            "tags": {
              "Environment": "dev",
              "ManagedByTerraform": "true"
            },
            "tags_all": {
              "Environment": "dev",
              "ManagedByTerraform": "true"
            },
            "unique_id": "AROASPAP2IQFXIZ3VVOOL"
          },
          "sensitive_attributes": []
        }
      ]
    },
    {
      "mode": "managed",
      "type": "aws_iam_role",
      "name": "az1_4xlarge_eks_node_group_20230324104144291700000006",
      "provider": "provider[\"registry.terraform.io/hashicorp/aws\"]",
      "instances": [
        {
          "schema_version": 0,
          "attributes": {
            "arn": "arn:aws:iam::169684386827:role/az1-4xlarge-eks-node-group-20230324104144291700000006",
            "assume_role_policy": "{\"Version\": \"2012-10-17\", \"Statement\": [{\"Sid\": \"EKSNodeAssumeRole\", \"Effect\": \"Allow\", \"Principal\": {\"Service\": \"ec2.amazonaws.com\"}, \"Action\": \"sts:AssumeRole\"}]}",
            "create_date": "2023-03-24T10:41:44Z",
            "description": "EKS managed node group IAM role",
            "force_detach_policies": null,
            "id": "az1-4xlarge-eks-node-group-20230324104144291700000006",
            "inline_policy": [],
            "managed_policy_arns": [
              "arn:aws:iam::aws:policy/AmazonEC2ContainerRegistryReadOnly",
              "arn:aws:iam::aws:policy/AmazonEKSWorkerNodePolicy",
              "arn:aws:iam::aws:policy/AmazonEKS_CNI_Policy"
            ],
            "max_session_duration": 3600,
            "name": "az1-4xlarge-eks-node-group-20230324104144291700000006",
            "name_prefix": "az1-4xlarge-eks-node-group-",
            "path": "/",
            "permissions_boundary": null,
            "tags": {
              "Environment": "dev",
              "ManagedByTerraform": "true"
            },
            "tags_all": {
              "Environment": "dev",
              "ManagedByTerraform": "true"
            },
            "unique_id": "AROASPAP2IQF2P3K3KUFO"
          },
          "sensitive_attributes": []
        }
      ]
    },
    {
      "mode": "managed",
      "type": "aws_iam_role",
      "name": "az1_4xlarge_eks_node_group_2023032411460326330000000e",
      "provider": "provider[\"registry.terraform.io/hashicorp/aws\"]",
      "instances": [
        {
          "schema_version": 0,
          "attributes": {
            "arn": "arn:aws:iam::169684386827:role/az1-4xlarge-eks-node-group-2023032411460326330000000e",
            "assume_role_policy": "{\"Version\": \"2012-10-17\", \"Statement\": [{\"Sid\": \"EKSNodeAssumeRole\", \"Effect\": \"Allow\", \"Principal\": {\"Service\": \"ec2.amazonaws.com\"}, \"Action\": \"sts:AssumeRole\"}]}",
            "create_date": "2023-03-24T11:46:03Z",
            "description": "EKS managed node group IAM role",
            "force_detach_policies": null,
            "id": "az1-4xlarge-eks-node-group-2023032411460326330000000e",
            "inline_policy": [],
            "managed_policy_arns": [
              "arn:aws:iam::aws:policy/AmazonEC2ContainerRegistryReadOnly",
              "arn:aws:iam::aws:policy/AmazonEKSWorkerNodePolicy",
              "arn:aws:iam::aws:policy/AmazonEKS_CNI_Policy",
              "arn:aws:iam::aws:policy/AmazonSSMManagedInstanceCore",
              "arn:aws:iam::aws:policy/AmazonSSMPatchAssociation"
            ],
            "max_session_duration": 3600,
            "name": "az1-4xlarge-eks-node-group-2023032411460326330000000e",
            "name_prefix": "az1-4xlarge-eks-node-group-",
            "path": "/",
            "permissions_boundary": null,
            "tags": {
              "Environment": "dev",
              "ManagedByTerraform": "true"
            },
            "tags_all": {
              "Environment": "dev",
              "ManagedByTerraform": "true"
            },
            "unique_id": "AROASPAP2IQF7IKJEFLUS"
          },
          "sensitive_attributes": []
        }
      ]
    },
    {
      "mode": "managed",
      "type": "aws_iam_role",
      "name": "az1_4xlarge_eks_node_group_2023040311534749630000000c",
      "provider": "provider[\"registry.terraform.io/hashicorp/aws\"]",
      "instances": [
        {
          "schema_version": 0,
          "attributes": {
            "arn": "arn:aws:iam::169684386827:role/az1-4xlarge-eks-node-group-2023040311534749630000000c",
            "assume_role_policy": "{\"Version\": \"2012-10-17\", \"Statement\": [{\"Sid\": \"EKSNodeAssumeRole\", \"Effect\": \"Allow\", \"Principal\": {\"Service\": \"ec2.amazonaws.com\"}, \"Action\": \"sts:AssumeRole\"}]}",
            "create_date": "2023-04-03T11:53:47Z",
            "description": "EKS managed node group IAM role",
            "force_detach_policies": null,
            "id": "az1-4xlarge-eks-node-group-2023040311534749630000000c",
            "inline_policy": [],
            "managed_policy_arns": [
              "arn:aws:iam::aws:policy/AmazonEC2ContainerRegistryReadOnly",
              "arn:aws:iam::aws:policy/AmazonEKSWorkerNodePolicy",
              "arn:aws:iam::aws:policy/AmazonEKS_CNI_Policy"
            ],
            "max_session_duration": 3600,
            "name": "az1-4xlarge-eks-node-group-2023040311534749630000000c",
            "name_prefix": "az1-4xlarge-eks-node-group-",
            "path": "/",
            "permissions_boundary": null,
            "tags": {
              "Environment": "dev",
              "ManagedByTerraform": "true"
            },
            "tags_all": {
              "Environment": "dev",
              "ManagedByTerraform": "true"
            },
            "unique_id": "AROASPAP2IQFS5WZ2XKGX"
          },
          "sensitive_attributes": []
        }
      ]
    },
    {
      "mode": "managed",
      "type": "aws_iam_role",
      "name": "az1_arm64_eks_node_group_20230119111552802300000008",
      "provider": "provider[\"registry.terraform.io/hashicorp/aws\"]",
      "instances": [
        {
          "schema_version": 0,
          "attributes": {
            "arn": "arn:aws:iam::169684386827:role/az1-arm64-eks-node-group-20230119111552802300000008",
            "assume_role_policy": "{\"Version\": \"2012-10-17\", \"Statement\": [{\"Sid\": \"EKSNodeAssumeRole\", \"Effect\": \"Allow\", \"Principal\": {\"Service\": \"ec2.amazonaws.com\"}, \"Action\": \"sts:AssumeRole\"}]}",
            "create_date": "2023-01-19T11:15:52Z",
            "description": "EKS managed node group IAM role",
            "force_detach_policies": null,
            "id": "az1-arm64-eks-node-group-20230119111552802300000008",
            "inline_policy": [],
            "managed_policy_arns": [
              "arn:aws:iam::aws:policy/AmazonEC2ContainerRegistryReadOnly",
              "arn:aws:iam::aws:policy/AmazonEKSWorkerNodePolicy",
              "arn:aws:iam::aws:policy/AmazonEKS_CNI_Policy",
              "arn:aws:iam::aws:policy/AmazonSSMManagedInstanceCore",
              "arn:aws:iam::aws:policy/AmazonSSMPatchAssociation"
            ],
            "max_session_duration": 3600,
            "name": "az1-arm64-eks-node-group-20230119111552802300000008",
            "name_prefix": "az1-arm64-eks-node-group-",
            "path": "/",
            "permissions_boundary": null,
            "tags": {
              "Environment": "dev",
              "ManagedByTerraform": "true",
              "Region": "us-east-1"
            },
            "tags_all": {
              "Environment": "dev",
              "ManagedByTerraform": "true",
              "Region": "us-east-1"
            },
            "unique_id": "AROASPAP2IQFQ6QWWGA4T"
          },
          "sensitive_attributes": []
        }
      ]
    },
    {
      "mode": "managed",
      "type": "aws_iam_role",
      "name": "az1_arm64_eks_node_group_20230124155745066900000009",
      "provider": "provider[\"registry.terraform.io/hashicorp/aws\"]",
      "instances": [
        {
          "schema_version": 0,
          "attributes": {
            "arn": "arn:aws:iam::169684386827:role/az1-arm64-eks-node-group-20230124155745066900000009",
            "assume_role_policy": "{\"Version\": \"2012-10-17\", \"Statement\": [{\"Sid\": \"EKSNodeAssumeRole\", \"Effect\": \"Allow\", \"Principal\": {\"Service\": \"ec2.amazonaws.com\"}, \"Action\": \"sts:AssumeRole\"}]}",
            "create_date": "2023-01-24T15:57:45Z",
            "description": "EKS managed node group IAM role",
            "force_detach_policies": null,
            "id": "az1-arm64-eks-node-group-20230124155745066900000009",
            "inline_policy": [],
            "managed_policy_arns": [
              "arn:aws:iam::aws:policy/AmazonEC2ContainerRegistryReadOnly",
              "arn:aws:iam::aws:policy/AmazonEKSWorkerNodePolicy",
              "arn:aws:iam::aws:policy/AmazonEKS_CNI_Policy",
              "arn:aws:iam::aws:policy/AmazonSSMManagedInstanceCore",
              "arn:aws:iam::aws:policy/AmazonSSMPatchAssociation"
            ],
            "max_session_duration": 3600,
            "name": "az1-arm64-eks-node-group-20230124155745066900000009",
            "name_prefix": "az1-arm64-eks-node-group-",
            "path": "/",
            "permissions_boundary": null,
            "tags": {
              "Environment": "dev",
              "ManagedByTerraform": "true"
            },
            "tags_all": {
              "Environment": "dev",
              "ManagedByTerraform": "true"
            },
            "unique_id": "AROASPAP2IQFZSS7IEDGB"
          },
          "sensitive_attributes": []
        }
      ]
    },
    {
      "mode": "managed",
      "type": "aws_iam_role",
      "name": "az1_arm64_eks_node_group_2023031716524216890000000c",
      "provider": "provider[\"registry.terraform.io/hashicorp/aws\"]",
      "instances": [
        {
          "schema_version": 0,
          "attributes": {
            "arn": "arn:aws:iam::169684386827:role/az1-arm64-eks-node-group-2023031716524216890000000c",
            "assume_role_policy": "{\"Version\": \"2012-10-17\", \"Statement\": [{\"Sid\": \"EKSNodeAssumeRole\", \"Effect\": \"Allow\", \"Principal\": {\"Service\": \"ec2.amazonaws.com\"}, \"Action\": \"sts:AssumeRole\"}]}",
            "create_date": "2023-03-17T16:52:42Z",
            "description": "EKS managed node group IAM role",
            "force_detach_policies": null,
            "id": "az1-arm64-eks-node-group-2023031716524216890000000c",
            "inline_policy": [],
            "managed_policy_arns": [
              "arn:aws:iam::aws:policy/AmazonEC2ContainerRegistryReadOnly",
              "arn:aws:iam::aws:policy/AmazonEKSWorkerNodePolicy",
              "arn:aws:iam::aws:policy/AmazonEKS_CNI_Policy",
              "arn:aws:iam::aws:policy/AmazonSSMManagedInstanceCore",
              "arn:aws:iam::aws:policy/AmazonSSMPatchAssociation"
            ],
            "max_session_duration": 3600,
            "name": "az1-arm64-eks-node-group-2023031716524216890000000c",
            "name_prefix": "az1-arm64-eks-node-group-",
            "path": "/",
            "permissions_boundary": null,
            "tags": {
              "Environment": "dev",
              "ManagedByTerraform": "true"
            },
            "tags_all": {
              "Environment": "dev",
              "ManagedByTerraform": "true"
            },
            "unique_id": "AROASPAP2IQFWKUDC7A4V"
          },
          "sensitive_attributes": []
        }
      ]
    },
    {
      "mode": "managed",
      "type": "aws_iam_role",
      "name": "az1_arm64_eks_node_group_20230324104144295600000008",
      "provider": "provider[\"registry.terraform.io/hashicorp/aws\"]",
      "instances": [
        {
          "schema_version": 0,
          "attributes": {
            "arn": "arn:aws:iam::169684386827:role/az1-arm64-eks-node-group-20230324104144295600000008",
            "assume_role_policy": "{\"Version\": \"2012-10-17\", \"Statement\": [{\"Sid\": \"EKSNodeAssumeRole\", \"Effect\": \"Allow\", \"Principal\": {\"Service\": \"ec2.amazonaws.com\"}, \"Action\": \"sts:AssumeRole\"}]}",
            "create_date": "2023-03-24T10:41:44Z",
            "description": "EKS managed node group IAM role",
            "force_detach_policies": null,
            "id": "az1-arm64-eks-node-group-20230324104144295600000008",
            "inline_policy": [],
            "managed_policy_arns": [
              "arn:aws:iam::aws:policy/AmazonEC2ContainerRegistryReadOnly",
              "arn:aws:iam::aws:policy/AmazonEKSWorkerNodePolicy",
              "arn:aws:iam::aws:policy/AmazonEKS_CNI_Policy"
            ],
            "max_session_duration": 3600,
            "name": "az1-arm64-eks-node-group-20230324104144295600000008",
            "name_prefix": "az1-arm64-eks-node-group-",
            "path": "/",
            "permissions_boundary": null,
            "tags": {
              "Environment": "dev",
              "ManagedByTerraform": "true"
            },
            "tags_all": {
              "Environment": "dev",
              "ManagedByTerraform": "true"
            },
            "unique_id": "AROASPAP2IQF3334CW5W3"
          },
          "sensitive_attributes": []
        }
      ]
    },
    {
      "mode": "managed",
      "type": "aws_iam_role",
      "name": "az1_arm64_eks_node_group_2023032411460262940000000b",
      "provider": "provider[\"registry.terraform.io/hashicorp/aws\"]",
      "instances": [
        {
          "schema_version": 0,
          "attributes": {
            "arn": "arn:aws:iam::169684386827:role/az1-arm64-eks-node-group-2023032411460262940000000b",
            "assume_role_policy": "{\"Version\": \"2012-10-17\", \"Statement\": [{\"Sid\": \"EKSNodeAssumeRole\", \"Effect\": \"Allow\", \"Principal\": {\"Service\": \"ec2.amazonaws.com\"}, \"Action\": \"sts:AssumeRole\"}]}",
            "create_date": "2023-03-24T11:46:02Z",
            "description": "EKS managed node group IAM role",
            "force_detach_policies": null,
            "id": "az1-arm64-eks-node-group-2023032411460262940000000b",
            "inline_policy": [],
            "managed_policy_arns": [
              "arn:aws:iam::aws:policy/AmazonEC2ContainerRegistryReadOnly",
              "arn:aws:iam::aws:policy/AmazonEKSWorkerNodePolicy",
              "arn:aws:iam::aws:policy/AmazonEKS_CNI_Policy",
              "arn:aws:iam::aws:policy/AmazonSSMManagedInstanceCore",
              "arn:aws:iam::aws:policy/AmazonSSMPatchAssociation"
            ],
            "max_session_duration": 3600,
            "name": "az1-arm64-eks-node-group-2023032411460262940000000b",
            "name_prefix": "az1-arm64-eks-node-group-",
            "path": "/",
            "permissions_boundary": null,
            "tags": {
              "Environment": "dev",
              "ManagedByTerraform": "true"
            },
            "tags_all": {
              "Environment": "dev",
              "ManagedByTerraform": "true"
            },
            "unique_id": "AROASPAP2IQF5TI3XTVXA"
          },
          "sensitive_attributes": []
        }
      ]
    },
    {
      "mode": "managed",
      "type": "aws_iam_role",
      "name": "az1_arm64_eks_node_group_20230403115346682300000007",
      "provider": "provider[\"registry.terraform.io/hashicorp/aws\"]",
      "instances": [
        {
          "schema_version": 0,
          "attributes": {
            "arn": "arn:aws:iam::169684386827:role/az1-arm64-eks-node-group-20230403115346682300000007",
            "assume_role_policy": "{\"Version\": \"2012-10-17\", \"Statement\": [{\"Sid\": \"EKSNodeAssumeRole\", \"Effect\": \"Allow\", \"Principal\": {\"Service\": \"ec2.amazonaws.com\"}, \"Action\": \"sts:AssumeRole\"}]}",
            "create_date": "2023-04-03T11:53:46Z",
            "description": "EKS managed node group IAM role",
            "force_detach_policies": null,
            "id": "az1-arm64-eks-node-group-20230403115346682300000007",
            "inline_policy": [],
            "managed_policy_arns": [
              "arn:aws:iam::aws:policy/AmazonEC2ContainerRegistryReadOnly",
              "arn:aws:iam::aws:policy/AmazonEKSWorkerNodePolicy",
              "arn:aws:iam::aws:policy/AmazonEKS_CNI_Policy"
            ],
            "max_session_duration": 3600,
            "name": "az1-arm64-eks-node-group-20230403115346682300000007",
            "name_prefix": "az1-arm64-eks-node-group-",
            "path": "/",
            "permissions_boundary": null,
            "tags": {
              "Environment": "dev",
              "ManagedByTerraform": "true"
            },
            "tags_all": {
              "Environment": "dev",
              "ManagedByTerraform": "true"
            },
            "unique_id": "AROASPAP2IQF4EBRQBL3E"
          },
          "sensitive_attributes": []
        }
      ]
    },
    {
      "mode": "managed",
      "type": "aws_iam_role",
      "name": "az2_4xlarge_eks_node_group_20220818161915279400000004",
      "provider": "provider[\"registry.terraform.io/hashicorp/aws\"]",
      "instances": [
        {
          "schema_version": 0,
          "attributes": {
            "arn": "arn:aws:iam::169684386827:role/az2-4xlarge-eks-node-group-20220818161915279400000004",
            "assume_role_policy": "{\"Version\": \"2012-10-17\", \"Statement\": [{\"Sid\": \"EKSNodeAssumeRole\", \"Effect\": \"Allow\", \"Principal\": {\"Service\": \"ec2.amazonaws.com\"}, \"Action\": \"sts:AssumeRole\"}]}",
            "create_date": "2022-08-18T16:19:15Z",
            "description": "EKS managed node group IAM role",
            "force_detach_policies": null,
            "id": "az2-4xlarge-eks-node-group-20220818161915279400000004",
            "inline_policy": [],
            "managed_policy_arns": [
              "arn:aws:iam::aws:policy/AmazonEC2ContainerRegistryReadOnly",
              "arn:aws:iam::aws:policy/AmazonEKSWorkerNodePolicy",
              "arn:aws:iam::aws:policy/AmazonEKS_CNI_Policy"
            ],
            "max_session_duration": 3600,
            "name": "az2-4xlarge-eks-node-group-20220818161915279400000004",
            "name_prefix": "az2-4xlarge-eks-node-group-",
            "path": "/",
            "permissions_boundary": null,
            "tags": {
              "Environment": "dev",
              "ManagedByTerraform": "true"
            },
            "tags_all": {
              "Environment": "dev",
              "ManagedByTerraform": "true"
            },
            "unique_id": "AROASPAP2IQF5GCOV3DQP"
          },
          "sensitive_attributes": []
        }
      ]
    },
    {
      "mode": "managed",
      "type": "aws_iam_role",
      "name": "az2_4xlarge_eks_node_group_20220823125548127600000009",
      "provider": "provider[\"registry.terraform.io/hashicorp/aws\"]",
      "instances": [
        {
          "schema_version": 0,
          "attributes": {
            "arn": "arn:aws:iam::169684386827:role/az2-4xlarge-eks-node-group-20220823125548127600000009",
            "assume_role_policy": "{\"Version\": \"2012-10-17\", \"Statement\": [{\"Sid\": \"EKSNodeAssumeRole\", \"Effect\": \"Allow\", \"Principal\": {\"Service\": \"ec2.amazonaws.com\"}, \"Action\": \"sts:AssumeRole\"}]}",
            "create_date": "2022-08-23T12:55:48Z",
            "description": "EKS managed node group IAM role",
            "force_detach_policies": null,
            "id": "az2-4xlarge-eks-node-group-20220823125548127600000009",
            "inline_policy": [],
            "managed_policy_arns": [
              "arn:aws:iam::aws:policy/AmazonEC2ContainerRegistryReadOnly",
              "arn:aws:iam::aws:policy/AmazonEKSWorkerNodePolicy",
              "arn:aws:iam::aws:policy/AmazonEKS_CNI_Policy",
              "arn:aws:iam::aws:policy/AmazonSSMManagedInstanceCore",
              "arn:aws:iam::aws:policy/AmazonSSMPatchAssociation"
            ],
            "max_session_duration": 3600,
            "name": "az2-4xlarge-eks-node-group-20220823125548127600000009",
            "name_prefix": "az2-4xlarge-eks-node-group-",
            "path": "/",
            "permissions_boundary": null,
            "tags": {
              "Environment": "dev",
              "ManagedByTerraform": "true",
              "Region": "us-east-1"
            },
            "tags_all": {
              "Environment": "dev",
              "ManagedByTerraform": "true",
              "Region": "us-east-1"
            },
            "unique_id": "AROASPAP2IQFT2QDTBNQ4"
          },
          "sensitive_attributes": []
        }
      ]
    },
    {
      "mode": "managed",
      "type": "aws_iam_role",
      "name": "az2_4xlarge_eks_node_group_20221020153002486200000007",
      "provider": "provider[\"registry.terraform.io/hashicorp/aws\"]",
      "instances": [
        {
          "schema_version": 0,
          "attributes": {
            "arn": "arn:aws:iam::169684386827:role/az2-4xlarge-eks-node-group-20221020153002486200000007",
            "assume_role_policy": "{\"Version\": \"2012-10-17\", \"Statement\": [{\"Sid\": \"EKSNodeAssumeRole\", \"Effect\": \"Allow\", \"Principal\": {\"Service\": \"ec2.amazonaws.com\"}, \"Action\": \"sts:AssumeRole\"}]}",
            "create_date": "2022-10-20T15:30:02Z",
            "description": "EKS managed node group IAM role",
            "force_detach_policies": null,
            "id": "az2-4xlarge-eks-node-group-20221020153002486200000007",
            "inline_policy": [],
            "managed_policy_arns": [
              "arn:aws:iam::aws:policy/AmazonEC2ContainerRegistryReadOnly",
              "arn:aws:iam::aws:policy/AmazonEKSWorkerNodePolicy",
              "arn:aws:iam::aws:policy/AmazonEKS_CNI_Policy"
            ],
            "max_session_duration": 3600,
            "name": "az2-4xlarge-eks-node-group-20221020153002486200000007",
            "name_prefix": "az2-4xlarge-eks-node-group-",
            "path": "/",
            "permissions_boundary": null,
            "tags": {
              "Environment": "dev",
              "ManagedByTerraform": "true"
            },
            "tags_all": {
              "Environment": "dev",
              "ManagedByTerraform": "true"
            },
            "unique_id": "AROASPAP2IQFT462ME5WI"
          },
          "sensitive_attributes": []
        }
      ]
    },
    {
      "mode": "managed",
      "type": "aws_iam_role",
      "name": "az2_4xlarge_eks_node_group_20221102203256999900000007",
      "provider": "provider[\"registry.terraform.io/hashicorp/aws\"]",
      "instances": [
        {
          "schema_version": 0,
          "attributes": {
            "arn": "arn:aws:iam::169684386827:role/az2-4xlarge-eks-node-group-20221102203256999900000007",
            "assume_role_policy": "{\"Version\": \"2012-10-17\", \"Statement\": [{\"Sid\": \"EKSNodeAssumeRole\", \"Effect\": \"Allow\", \"Principal\": {\"Service\": \"ec2.amazonaws.com\"}, \"Action\": \"sts:AssumeRole\"}]}",
            "create_date": "2022-11-02T20:32:57Z",
            "description": "EKS managed node group IAM role",
            "force_detach_policies": null,
            "id": "az2-4xlarge-eks-node-group-20221102203256999900000007",
            "inline_policy": [],
            "managed_policy_arns": [
              "arn:aws:iam::aws:policy/AmazonEC2ContainerRegistryReadOnly",
              "arn:aws:iam::aws:policy/AmazonEKSWorkerNodePolicy",
              "arn:aws:iam::aws:policy/AmazonEKS_CNI_Policy"
            ],
            "max_session_duration": 3600,
            "name": "az2-4xlarge-eks-node-group-20221102203256999900000007",
            "name_prefix": "az2-4xlarge-eks-node-group-",
            "path": "/",
            "permissions_boundary": null,
            "tags": {
              "Environment": "dev",
              "ManagedByTerraform": "true"
            },
            "tags_all": {
              "Environment": "dev",
              "ManagedByTerraform": "true"
            },
            "unique_id": "AROASPAP2IQFSEI7NQBXL"
          },
          "sensitive_attributes": []
        }
      ]
    },
    {
      "mode": "managed",
      "type": "aws_iam_role",
      "name": "az2_4xlarge_eks_node_group_20221110172120391000000008",
      "provider": "provider[\"registry.terraform.io/hashicorp/aws\"]",
      "instances": [
        {
          "schema_version": 0,
          "attributes": {
            "arn": "arn:aws:iam::169684386827:role/az2-4xlarge-eks-node-group-20221110172120391000000008",
            "assume_role_policy": "{\"Version\": \"2012-10-17\", \"Statement\": [{\"Sid\": \"EKSNodeAssumeRole\", \"Effect\": \"Allow\", \"Principal\": {\"Service\": \"ec2.amazonaws.com\"}, \"Action\": \"sts:AssumeRole\"}]}",
            "create_date": "2022-11-10T17:21:20Z",
            "description": "EKS managed node group IAM role",
            "force_detach_policies": null,
            "id": "az2-4xlarge-eks-node-group-20221110172120391000000008",
            "inline_policy": [],
            "managed_policy_arns": [
              "arn:aws:iam::aws:policy/AmazonEC2ContainerRegistryReadOnly",
              "arn:aws:iam::aws:policy/AmazonEKSWorkerNodePolicy",
              "arn:aws:iam::aws:policy/AmazonEKS_CNI_Policy"
            ],
            "max_session_duration": 3600,
            "name": "az2-4xlarge-eks-node-group-20221110172120391000000008",
            "name_prefix": "az2-4xlarge-eks-node-group-",
            "path": "/",
            "permissions_boundary": null,
            "tags": {
              "Environment": "dev",
              "ManagedByTerraform": "true"
            },
            "tags_all": {
              "Environment": "dev",
              "ManagedByTerraform": "true"
            },
            "unique_id": "AROASPAP2IQFSNDRA3DM6"
          },
          "sensitive_attributes": []
        }
      ]
    },
    {
      "mode": "managed",
      "type": "aws_iam_role",
      "name": "az2_4xlarge_eks_node_group_2023012415574590030000000f",
      "provider": "provider[\"registry.terraform.io/hashicorp/aws\"]",
      "instances": [
        {
          "schema_version": 0,
          "attributes": {
            "arn": "arn:aws:iam::169684386827:role/az2-4xlarge-eks-node-group-2023012415574590030000000f",
            "assume_role_policy": "{\"Version\": \"2012-10-17\", \"Statement\": [{\"Sid\": \"EKSNodeAssumeRole\", \"Effect\": \"Allow\", \"Principal\": {\"Service\": \"ec2.amazonaws.com\"}, \"Action\": \"sts:AssumeRole\"}]}",
            "create_date": "2023-01-24T15:57:45Z",
            "description": "EKS managed node group IAM role",
            "force_detach_policies": null,
            "id": "az2-4xlarge-eks-node-group-2023012415574590030000000f",
            "inline_policy": [],
            "managed_policy_arns": [
              "arn:aws:iam::aws:policy/AmazonEC2ContainerRegistryReadOnly",
              "arn:aws:iam::aws:policy/AmazonEKSWorkerNodePolicy",
              "arn:aws:iam::aws:policy/AmazonEKS_CNI_Policy"
            ],
            "max_session_duration": 3600,
            "name": "az2-4xlarge-eks-node-group-2023012415574590030000000f",
            "name_prefix": "az2-4xlarge-eks-node-group-",
            "path": "/",
            "permissions_boundary": null,
            "tags": {
              "Environment": "dev",
              "ManagedByTerraform": "true"
            },
            "tags_all": {
              "Environment": "dev",
              "ManagedByTerraform": "true"
            },
            "unique_id": "AROASPAP2IQFY2YBUZ7ML"
          },
          "sensitive_attributes": []
        }
      ]
    },
    {
      "mode": "managed",
      "type": "aws_iam_role",
      "name": "az2_4xlarge_eks_node_group_20230317165241279100000006",
      "provider": "provider[\"registry.terraform.io/hashicorp/aws\"]",
      "instances": [
        {
          "schema_version": 0,
          "attributes": {
            "arn": "arn:aws:iam::169684386827:role/az2-4xlarge-eks-node-group-20230317165241279100000006",
            "assume_role_policy": "{\"Version\": \"2012-10-17\", \"Statement\": [{\"Sid\": \"EKSNodeAssumeRole\", \"Effect\": \"Allow\", \"Principal\": {\"Service\": \"ec2.amazonaws.com\"}, \"Action\": \"sts:AssumeRole\"}]}",
            "create_date": "2023-03-17T16:52:41Z",
            "description": "EKS managed node group IAM role",
            "force_detach_policies": null,
            "id": "az2-4xlarge-eks-node-group-20230317165241279100000006",
            "inline_policy": [],
            "managed_policy_arns": [
              "arn:aws:iam::aws:policy/AmazonEC2ContainerRegistryReadOnly",
              "arn:aws:iam::aws:policy/AmazonEKSWorkerNodePolicy",
              "arn:aws:iam::aws:policy/AmazonEKS_CNI_Policy"
            ],
            "max_session_duration": 3600,
            "name": "az2-4xlarge-eks-node-group-20230317165241279100000006",
            "name_prefix": "az2-4xlarge-eks-node-group-",
            "path": "/",
            "permissions_boundary": null,
            "tags": {
              "Environment": "dev",
              "ManagedByTerraform": "true"
            },
            "tags_all": {
              "Environment": "dev",
              "ManagedByTerraform": "true"
            },
            "unique_id": "AROASPAP2IQFWV67XW3GX"
          },
          "sensitive_attributes": []
        }
      ]
    },
    {
      "mode": "managed",
      "type": "aws_iam_role",
      "name": "az2_4xlarge_eks_node_group_20230324104144296000000009",
      "provider": "provider[\"registry.terraform.io/hashicorp/aws\"]",
      "instances": [
        {
          "schema_version": 0,
          "attributes": {
            "arn": "arn:aws:iam::169684386827:role/az2-4xlarge-eks-node-group-20230324104144296000000009",
            "assume_role_policy": "{\"Version\": \"2012-10-17\", \"Statement\": [{\"Sid\": \"EKSNodeAssumeRole\", \"Effect\": \"Allow\", \"Principal\": {\"Service\": \"ec2.amazonaws.com\"}, \"Action\": \"sts:AssumeRole\"}]}",
            "create_date": "2023-03-24T10:41:44Z",
            "description": "EKS managed node group IAM role",
            "force_detach_policies": null,
            "id": "az2-4xlarge-eks-node-group-20230324104144296000000009",
            "inline_policy": [],
            "managed_policy_arns": [
              "arn:aws:iam::aws:policy/AmazonEC2ContainerRegistryReadOnly",
              "arn:aws:iam::aws:policy/AmazonEKSWorkerNodePolicy",
              "arn:aws:iam::aws:policy/AmazonEKS_CNI_Policy",
              "arn:aws:iam::aws:policy/AmazonSSMManagedInstanceCore",
              "arn:aws:iam::aws:policy/AmazonSSMPatchAssociation"
            ],
            "max_session_duration": 3600,
            "name": "az2-4xlarge-eks-node-group-20230324104144296000000009",
            "name_prefix": "az2-4xlarge-eks-node-group-",
            "path": "/",
            "permissions_boundary": null,
            "tags": {
              "Environment": "dev",
              "ManagedByTerraform": "true"
            },
            "tags_all": {
              "Environment": "dev",
              "ManagedByTerraform": "true"
            },
            "unique_id": "AROASPAP2IQFVBDLWLCXM"
          },
          "sensitive_attributes": []
        }
      ]
    },
    {
      "mode": "managed",
      "type": "aws_iam_role",
      "name": "az2_4xlarge_eks_node_group_20230324114603621900000010",
      "provider": "provider[\"registry.terraform.io/hashicorp/aws\"]",
      "instances": [
        {
          "schema_version": 0,
          "attributes": {
            "arn": "arn:aws:iam::169684386827:role/az2-4xlarge-eks-node-group-20230324114603621900000010",
            "assume_role_policy": "{\"Version\": \"2012-10-17\", \"Statement\": [{\"Sid\": \"EKSNodeAssumeRole\", \"Effect\": \"Allow\", \"Principal\": {\"Service\": \"ec2.amazonaws.com\"}, \"Action\": \"sts:AssumeRole\"}]}",
            "create_date": "2023-03-24T11:46:03Z",
            "description": "EKS managed node group IAM role",
            "force_detach_policies": null,
            "id": "az2-4xlarge-eks-node-group-20230324114603621900000010",
            "inline_policy": [],
            "managed_policy_arns": [
              "arn:aws:iam::aws:policy/AmazonEC2ContainerRegistryReadOnly",
              "arn:aws:iam::aws:policy/AmazonEKSWorkerNodePolicy",
              "arn:aws:iam::aws:policy/AmazonEKS_CNI_Policy"
            ],
            "max_session_duration": 3600,
            "name": "az2-4xlarge-eks-node-group-20230324114603621900000010",
            "name_prefix": "az2-4xlarge-eks-node-group-",
            "path": "/",
            "permissions_boundary": null,
            "tags": {
              "Environment": "dev",
              "ManagedByTerraform": "true"
            },
            "tags_all": {
              "Environment": "dev",
              "ManagedByTerraform": "true"
            },
            "unique_id": "AROASPAP2IQF5PDSAGJLB"
          },
          "sensitive_attributes": []
        }
      ]
    },
    {
      "mode": "managed",
      "type": "aws_iam_role",
      "name": "az2_4xlarge_eks_node_group_20230403115348617400000011",
      "provider": "provider[\"registry.terraform.io/hashicorp/aws\"]",
      "instances": [
        {
          "schema_version": 0,
          "attributes": {
            "arn": "arn:aws:iam::169684386827:role/az2-4xlarge-eks-node-group-20230403115348617400000011",
            "assume_role_policy": "{\"Version\": \"2012-10-17\", \"Statement\": [{\"Sid\": \"EKSNodeAssumeRole\", \"Effect\": \"Allow\", \"Principal\": {\"Service\": \"ec2.amazonaws.com\"}, \"Action\": \"sts:AssumeRole\"}]}",
            "create_date": "2023-04-03T11:53:48Z",
            "description": "EKS managed node group IAM role",
            "force_detach_policies": null,
            "id": "az2-4xlarge-eks-node-group-20230403115348617400000011",
            "inline_policy": [],
            "managed_policy_arns": [
              "arn:aws:iam::aws:policy/AmazonEC2ContainerRegistryReadOnly",
              "arn:aws:iam::aws:policy/AmazonEKSWorkerNodePolicy",
              "arn:aws:iam::aws:policy/AmazonEKS_CNI_Policy"
            ],
            "max_session_duration": 3600,
            "name": "az2-4xlarge-eks-node-group-20230403115348617400000011",
            "name_prefix": "az2-4xlarge-eks-node-group-",
            "path": "/",
            "permissions_boundary": null,
            "tags": {
              "Environment": "dev",
              "ManagedByTerraform": "true"
            },
            "tags_all": {
              "Environment": "dev",
              "ManagedByTerraform": "true"
            },
            "unique_id": "AROASPAP2IQFQ3PILED33"
          },
          "sensitive_attributes": []
        }
      ]
    },
    {
      "mode": "managed",
      "type": "aws_iam_role",
      "name": "az2_arm64_br_eks_node_group_20230320085759617700000002",
      "provider": "provider[\"registry.terraform.io/hashicorp/aws\"]",
      "instances": [
        {
          "schema_version": 0,
          "attributes": {
            "arn": "arn:aws:iam::169684386827:role/az2-arm64-br-eks-node-group-20230320085759617700000002",
            "assume_role_policy": "{\"Version\": \"2012-10-17\", \"Statement\": [{\"Sid\": \"EKSNodeAssumeRole\", \"Effect\": \"Allow\", \"Principal\": {\"Service\": \"ec2.amazonaws.com\"}, \"Action\": \"sts:AssumeRole\"}]}",
            "create_date": "2023-03-20T08:57:59Z",
            "description": "EKS managed node group IAM role",
            "force_detach_policies": null,
            "id": "az2-arm64-br-eks-node-group-20230320085759617700000002",
            "inline_policy": [],
            "managed_policy_arns": [
              "arn:aws:iam::aws:policy/AmazonEC2ContainerRegistryReadOnly",
              "arn:aws:iam::aws:policy/AmazonEKSWorkerNodePolicy",
              "arn:aws:iam::aws:policy/AmazonEKS_CNI_Policy",
              "arn:aws:iam::aws:policy/AmazonSSMManagedInstanceCore",
              "arn:aws:iam::aws:policy/AmazonSSMPatchAssociation"
            ],
            "max_session_duration": 3600,
            "name": "az2-arm64-br-eks-node-group-20230320085759617700000002",
            "name_prefix": "az2-arm64-br-eks-node-group-",
            "path": "/",
            "permissions_boundary": null,
            "tags": {
              "Environment": "dev",
              "ManagedByTerraform": "true"
            },
            "tags_all": {
              "Environment": "dev",
              "ManagedByTerraform": "true"
            },
            "unique_id": "AROASPAP2IQFYYSMREGDS"
          },
          "sensitive_attributes": []
        }
      ]
    },
    {
      "mode": "managed",
      "type": "aws_iam_role",
      "name": "az2_arm64_br_eks_node_group_20230320151316428000000002",
      "provider": "provider[\"registry.terraform.io/hashicorp/aws\"]",
      "instances": [
        {
          "schema_version": 0,
          "attributes": {
            "arn": "arn:aws:iam::169684386827:role/az2-arm64-br-eks-node-group-20230320151316428000000002",
            "assume_role_policy": "{\"Version\": \"2012-10-17\", \"Statement\": [{\"Sid\": \"EKSNodeAssumeRole\", \"Effect\": \"Allow\", \"Principal\": {\"Service\": \"ec2.amazonaws.com\"}, \"Action\": \"sts:AssumeRole\"}]}",
            "create_date": "2023-03-20T15:13:16Z",
            "description": "EKS managed node group IAM role",
            "force_detach_policies": null,
            "id": "az2-arm64-br-eks-node-group-20230320151316428000000002",
            "inline_policy": [],
            "managed_policy_arns": [
              "arn:aws:iam::aws:policy/AmazonEC2ContainerRegistryReadOnly",
              "arn:aws:iam::aws:policy/AmazonEKSWorkerNodePolicy",
              "arn:aws:iam::aws:policy/AmazonEKS_CNI_Policy",
              "arn:aws:iam::aws:policy/AmazonSSMManagedInstanceCore",
              "arn:aws:iam::aws:policy/AmazonSSMPatchAssociation"
            ],
            "max_session_duration": 3600,
            "name": "az2-arm64-br-eks-node-group-20230320151316428000000002",
            "name_prefix": "az2-arm64-br-eks-node-group-",
            "path": "/",
            "permissions_boundary": null,
            "tags": {
              "Environment": "dev",
              "ManagedByTerraform": "true",
              "Region": "us-east-1"
            },
            "tags_all": {
              "Environment": "dev",
              "ManagedByTerraform": "true",
              "Region": "us-east-1"
            },
            "unique_id": "AROASPAP2IQF2NSTZFSBP"
          },
          "sensitive_attributes": []
        }
      ]
    },
    {
      "mode": "managed",
      "type": "aws_iam_role",
      "name": "az2_arm64_br_eks_node_group_20230324104144290800000005",
      "provider": "provider[\"registry.terraform.io/hashicorp/aws\"]",
      "instances": [
        {
          "schema_version": 0,
          "attributes": {
            "arn": "arn:aws:iam::169684386827:role/az2-arm64-br-eks-node-group-20230324104144290800000005",
            "assume_role_policy": "{\"Version\": \"2012-10-17\", \"Statement\": [{\"Sid\": \"EKSNodeAssumeRole\", \"Effect\": \"Allow\", \"Principal\": {\"Service\": \"ec2.amazonaws.com\"}, \"Action\": \"sts:AssumeRole\"}]}",
            "create_date": "2023-03-24T10:41:44Z",
            "description": "EKS managed node group IAM role",
            "force_detach_policies": null,
            "id": "az2-arm64-br-eks-node-group-20230324104144290800000005",
            "inline_policy": [],
            "managed_policy_arns": [
              "arn:aws:iam::aws:policy/AmazonEC2ContainerRegistryReadOnly",
              "arn:aws:iam::aws:policy/AmazonEKSWorkerNodePolicy",
              "arn:aws:iam::aws:policy/AmazonEKS_CNI_Policy",
              "arn:aws:iam::aws:policy/AmazonSSMManagedInstanceCore",
              "arn:aws:iam::aws:policy/AmazonSSMPatchAssociation"
            ],
            "max_session_duration": 3600,
            "name": "az2-arm64-br-eks-node-group-20230324104144290800000005",
            "name_prefix": "az2-arm64-br-eks-node-group-",
            "path": "/",
            "permissions_boundary": null,
            "tags": {
              "Environment": "dev",
              "ManagedByTerraform": "true"
            },
            "tags_all": {
              "Environment": "dev",
              "ManagedByTerraform": "true"
            },
            "unique_id": "AROASPAP2IQF4ENJ43W5M"
          },
          "sensitive_attributes": []
        }
      ]
    },
    {
      "mode": "managed",
      "type": "aws_iam_role",
      "name": "az2_arm64_br_eks_node_group_2023032411460319150000000d",
      "provider": "provider[\"registry.terraform.io/hashicorp/aws\"]",
      "instances": [
        {
          "schema_version": 0,
          "attributes": {
            "arn": "arn:aws:iam::169684386827:role/az2-arm64-br-eks-node-group-2023032411460319150000000d",
            "assume_role_policy": "{\"Version\": \"2012-10-17\", \"Statement\": [{\"Sid\": \"EKSNodeAssumeRole\", \"Effect\": \"Allow\", \"Principal\": {\"Service\": \"ec2.amazonaws.com\"}, \"Action\": \"sts:AssumeRole\"}]}",
            "create_date": "2023-03-24T11:46:03Z",
            "description": "EKS managed node group IAM role",
            "force_detach_policies": null,
            "id": "az2-arm64-br-eks-node-group-2023032411460319150000000d",
            "inline_policy": [],
            "managed_policy_arns": [
              "arn:aws:iam::aws:policy/AmazonEC2ContainerRegistryReadOnly",
              "arn:aws:iam::aws:policy/AmazonEKSWorkerNodePolicy",
              "arn:aws:iam::aws:policy/AmazonEKS_CNI_Policy",
              "arn:aws:iam::aws:policy/AmazonSSMManagedInstanceCore",
              "arn:aws:iam::aws:policy/AmazonSSMPatchAssociation"
            ],
            "max_session_duration": 3600,
            "name": "az2-arm64-br-eks-node-group-2023032411460319150000000d",
            "name_prefix": "az2-arm64-br-eks-node-group-",
            "path": "/",
            "permissions_boundary": null,
            "tags": {
              "Environment": "dev",
              "ManagedByTerraform": "true"
            },
            "tags_all": {
              "Environment": "dev",
              "ManagedByTerraform": "true"
            },
            "unique_id": "AROASPAP2IQFSSJNES7MD"
          },
          "sensitive_attributes": []
        }
      ]
    },
    {
      "mode": "managed",
      "type": "aws_iam_role",
      "name": "az2_arm64_br_eks_node_group_2023040311534853840000000e",
      "provider": "provider[\"registry.terraform.io/hashicorp/aws\"]",
      "instances": [
        {
          "schema_version": 0,
          "attributes": {
            "arn": "arn:aws:iam::169684386827:role/az2-arm64-br-eks-node-group-2023040311534853840000000e",
            "assume_role_policy": "{\"Version\": \"2012-10-17\", \"Statement\": [{\"Sid\": \"EKSNodeAssumeRole\", \"Effect\": \"Allow\", \"Principal\": {\"Service\": \"ec2.amazonaws.com\"}, \"Action\": \"sts:AssumeRole\"}]}",
            "create_date": "2023-04-03T11:53:48Z",
            "description": "EKS managed node group IAM role",
            "force_detach_policies": null,
            "id": "az2-arm64-br-eks-node-group-2023040311534853840000000e",
            "inline_policy": [],
            "managed_policy_arns": [
              "arn:aws:iam::aws:policy/AmazonEC2ContainerRegistryReadOnly",
              "arn:aws:iam::aws:policy/AmazonEKSWorkerNodePolicy",
              "arn:aws:iam::aws:policy/AmazonEKS_CNI_Policy",
              "arn:aws:iam::aws:policy/AmazonSSMManagedInstanceCore"
            ],
            "max_session_duration": 3600,
            "name": "az2-arm64-br-eks-node-group-2023040311534853840000000e",
            "name_prefix": "az2-arm64-br-eks-node-group-",
            "path": "/",
            "permissions_boundary": null,
            "tags": {
              "Environment": "dev",
              "ManagedByTerraform": "true"
            },
            "tags_all": {
              "Environment": "dev",
              "ManagedByTerraform": "true"
            },
            "unique_id": "AROASPAP2IQFR3JKLA2L4"
          },
          "sensitive_attributes": []
        }
      ]
    },
    {
      "mode": "managed",
      "type": "aws_iam_role",
      "name": "az2_arm64_eks_node_group_20230119111552577000000007",
      "provider": "provider[\"registry.terraform.io/hashicorp/aws\"]",
      "instances": [
        {
          "schema_version": 0,
          "attributes": {
            "arn": "arn:aws:iam::169684386827:role/az2-arm64-eks-node-group-20230119111552577000000007",
            "assume_role_policy": "{\"Version\": \"2012-10-17\", \"Statement\": [{\"Sid\": \"EKSNodeAssumeRole\", \"Effect\": \"Allow\", \"Principal\": {\"Service\": \"ec2.amazonaws.com\"}, \"Action\": \"sts:AssumeRole\"}]}",
            "create_date": "2023-01-19T11:15:52Z",
            "description": "EKS managed node group IAM role",
            "force_detach_policies": null,
            "id": "az2-arm64-eks-node-group-20230119111552577000000007",
            "inline_policy": [],
            "managed_policy_arns": [
              "arn:aws:iam::aws:policy/AmazonEC2ContainerRegistryReadOnly",
              "arn:aws:iam::aws:policy/AmazonEKSWorkerNodePolicy",
              "arn:aws:iam::aws:policy/AmazonEKS_CNI_Policy",
              "arn:aws:iam::aws:policy/AmazonSSMManagedInstanceCore",
              "arn:aws:iam::aws:policy/AmazonSSMPatchAssociation"
            ],
            "max_session_duration": 3600,
            "name": "az2-arm64-eks-node-group-20230119111552577000000007",
            "name_prefix": "az2-arm64-eks-node-group-",
            "path": "/",
            "permissions_boundary": null,
            "tags": {
              "Environment": "dev",
              "ManagedByTerraform": "true",
              "Region": "us-east-1"
            },
            "tags_all": {
              "Environment": "dev",
              "ManagedByTerraform": "true",
              "Region": "us-east-1"
            },
            "unique_id": "AROASPAP2IQF3PIIC2N4H"
          },
          "sensitive_attributes": []
        }
      ]
    },
    {
      "mode": "managed",
      "type": "aws_iam_role",
      "name": "az2_arm64_eks_node_group_20230124155745059900000005",
      "provider": "provider[\"registry.terraform.io/hashicorp/aws\"]",
      "instances": [
        {
          "schema_version": 0,
          "attributes": {
            "arn": "arn:aws:iam::169684386827:role/az2-arm64-eks-node-group-20230124155745059900000005",
            "assume_role_policy": "{\"Version\": \"2012-10-17\", \"Statement\": [{\"Sid\": \"EKSNodeAssumeRole\", \"Effect\": \"Allow\", \"Principal\": {\"Service\": \"ec2.amazonaws.com\"}, \"Action\": \"sts:AssumeRole\"}]}",
            "create_date": "2023-01-24T15:57:45Z",
            "description": "EKS managed node group IAM role",
            "force_detach_policies": null,
            "id": "az2-arm64-eks-node-group-20230124155745059900000005",
            "inline_policy": [],
            "managed_policy_arns": [
              "arn:aws:iam::aws:policy/AmazonEC2ContainerRegistryReadOnly",
              "arn:aws:iam::aws:policy/AmazonEKSWorkerNodePolicy",
              "arn:aws:iam::aws:policy/AmazonEKS_CNI_Policy"
            ],
            "max_session_duration": 3600,
            "name": "az2-arm64-eks-node-group-20230124155745059900000005",
            "name_prefix": "az2-arm64-eks-node-group-",
            "path": "/",
            "permissions_boundary": null,
            "tags": {
              "Environment": "dev",
              "ManagedByTerraform": "true"
            },
            "tags_all": {
              "Environment": "dev",
              "ManagedByTerraform": "true"
            },
            "unique_id": "AROASPAP2IQF2INDW4EKD"
          },
          "sensitive_attributes": []
        }
      ]
    },
    {
      "mode": "managed",
      "type": "aws_iam_role",
      "name": "az2_arm64_eks_node_group_2023031716524286450000000d",
      "provider": "provider[\"registry.terraform.io/hashicorp/aws\"]",
      "instances": [
        {
          "schema_version": 0,
          "attributes": {
            "arn": "arn:aws:iam::169684386827:role/az2-arm64-eks-node-group-2023031716524286450000000d",
            "assume_role_policy": "{\"Version\": \"2012-10-17\", \"Statement\": [{\"Sid\": \"EKSNodeAssumeRole\", \"Effect\": \"Allow\", \"Principal\": {\"Service\": \"ec2.amazonaws.com\"}, \"Action\": \"sts:AssumeRole\"}]}",
            "create_date": "2023-03-17T16:52:42Z",
            "description": "EKS managed node group IAM role",
            "force_detach_policies": null,
            "id": "az2-arm64-eks-node-group-2023031716524286450000000d",
            "inline_policy": [],
            "managed_policy_arns": [
              "arn:aws:iam::aws:policy/AmazonEC2ContainerRegistryReadOnly",
              "arn:aws:iam::aws:policy/AmazonEKSWorkerNodePolicy",
              "arn:aws:iam::aws:policy/AmazonEKS_CNI_Policy"
            ],
            "max_session_duration": 3600,
            "name": "az2-arm64-eks-node-group-2023031716524286450000000d",
            "name_prefix": "az2-arm64-eks-node-group-",
            "path": "/",
            "permissions_boundary": null,
            "tags": {
              "Environment": "dev",
              "ManagedByTerraform": "true"
            },
            "tags_all": {
              "Environment": "dev",
              "ManagedByTerraform": "true"
            },
            "unique_id": "AROASPAP2IQFRKNA6RXVT"
          },
          "sensitive_attributes": []
        }
      ]
    },
    {
      "mode": "managed",
      "type": "aws_iam_role",
      "name": "az2_arm64_eks_node_group_20230324104144293600000007",
      "provider": "provider[\"registry.terraform.io/hashicorp/aws\"]",
      "instances": [
        {
          "schema_version": 0,
          "attributes": {
            "arn": "arn:aws:iam::169684386827:role/az2-arm64-eks-node-group-20230324104144293600000007",
            "assume_role_policy": "{\"Version\": \"2012-10-17\", \"Statement\": [{\"Sid\": \"EKSNodeAssumeRole\", \"Effect\": \"Allow\", \"Principal\": {\"Service\": \"ec2.amazonaws.com\"}, \"Action\": \"sts:AssumeRole\"}]}",
            "create_date": "2023-03-24T10:41:44Z",
            "description": "EKS managed node group IAM role",
            "force_detach_policies": null,
            "id": "az2-arm64-eks-node-group-20230324104144293600000007",
            "inline_policy": [],
            "managed_policy_arns": [
              "arn:aws:iam::aws:policy/AmazonEC2ContainerRegistryReadOnly",
              "arn:aws:iam::aws:policy/AmazonEKSWorkerNodePolicy",
              "arn:aws:iam::aws:policy/AmazonEKS_CNI_Policy"
            ],
            "max_session_duration": 3600,
            "name": "az2-arm64-eks-node-group-20230324104144293600000007",
            "name_prefix": "az2-arm64-eks-node-group-",
            "path": "/",
            "permissions_boundary": null,
            "tags": {
              "Environment": "dev",
              "ManagedByTerraform": "true"
            },
            "tags_all": {
              "Environment": "dev",
              "ManagedByTerraform": "true"
            },
            "unique_id": "AROASPAP2IQFRL54NBRXI"
          },
          "sensitive_attributes": []
        }
      ]
    },
    {
      "mode": "managed",
      "type": "aws_iam_role",
      "name": "az2_arm64_eks_node_group_2023032411460269400000000c",
      "provider": "provider[\"registry.terraform.io/hashicorp/aws\"]",
      "instances": [
        {
          "schema_version": 0,
          "attributes": {
            "arn": "arn:aws:iam::169684386827:role/az2-arm64-eks-node-group-2023032411460269400000000c",
            "assume_role_policy": "{\"Version\": \"2012-10-17\", \"Statement\": [{\"Sid\": \"EKSNodeAssumeRole\", \"Effect\": \"Allow\", \"Principal\": {\"Service\": \"ec2.amazonaws.com\"}, \"Action\": \"sts:AssumeRole\"}]}",
            "create_date": "2023-03-24T11:46:02Z",
            "description": "EKS managed node group IAM role",
            "force_detach_policies": null,
            "id": "az2-arm64-eks-node-group-2023032411460269400000000c",
            "inline_policy": [],
            "managed_policy_arns": [
              "arn:aws:iam::aws:policy/AmazonEC2ContainerRegistryReadOnly",
              "arn:aws:iam::aws:policy/AmazonEKSWorkerNodePolicy",
              "arn:aws:iam::aws:policy/AmazonEKS_CNI_Policy"
            ],
            "max_session_duration": 3600,
            "name": "az2-arm64-eks-node-group-2023032411460269400000000c",
            "name_prefix": "az2-arm64-eks-node-group-",
            "path": "/",
            "permissions_boundary": null,
            "tags": {
              "Environment": "dev",
              "ManagedByTerraform": "true"
            },
            "tags_all": {
              "Environment": "dev",
              "ManagedByTerraform": "true"
            },
            "unique_id": "AROASPAP2IQFSLRFLQUJJ"
          },
          "sensitive_attributes": []
        }
      ]
    },
    {
      "mode": "managed",
      "type": "aws_iam_role",
      "name": "az2_arm64_eks_node_group_20230403115348557700000010",
      "provider": "provider[\"registry.terraform.io/hashicorp/aws\"]",
      "instances": [
        {
          "schema_version": 0,
          "attributes": {
            "arn": "arn:aws:iam::169684386827:role/az2-arm64-eks-node-group-20230403115348557700000010",
            "assume_role_policy": "{\"Version\": \"2012-10-17\", \"Statement\": [{\"Sid\": \"EKSNodeAssumeRole\", \"Effect\": \"Allow\", \"Principal\": {\"Service\": \"ec2.amazonaws.com\"}, \"Action\": \"sts:AssumeRole\"}]}",
            "create_date": "2023-04-03T11:53:48Z",
            "description": "EKS managed node group IAM role",
            "force_detach_policies": null,
            "id": "az2-arm64-eks-node-group-20230403115348557700000010",
            "inline_policy": [],
            "managed_policy_arns": [
              "arn:aws:iam::aws:policy/AmazonEC2ContainerRegistryReadOnly",
              "arn:aws:iam::aws:policy/AmazonEKSWorkerNodePolicy",
              "arn:aws:iam::aws:policy/AmazonEKS_CNI_Policy"
            ],
            "max_session_duration": 3600,
            "name": "az2-arm64-eks-node-group-20230403115348557700000010",
            "name_prefix": "az2-arm64-eks-node-group-",
            "path": "/",
            "permissions_boundary": null,
            "tags": {
              "Environment": "dev",
              "ManagedByTerraform": "true"
            },
            "tags_all": {
              "Environment": "dev",
              "ManagedByTerraform": "true"
            },
            "unique_id": "AROASPAP2IQF5JMREO246"
          },
          "sensitive_attributes": []
        }
      ]
    },
    {
      "mode": "managed",
      "type": "aws_iam_role",
      "name": "az3_4xlarge_eks_node_group_20220818161915283400000007",
      "provider": "provider[\"registry.terraform.io/hashicorp/aws\"]",
      "instances": [
        {
          "schema_version": 0,
          "attributes": {
            "arn": "arn:aws:iam::169684386827:role/az3-4xlarge-eks-node-group-20220818161915283400000007",
            "assume_role_policy": "{\"Version\": \"2012-10-17\", \"Statement\": [{\"Sid\": \"EKSNodeAssumeRole\", \"Effect\": \"Allow\", \"Principal\": {\"Service\": \"ec2.amazonaws.com\"}, \"Action\": \"sts:AssumeRole\"}]}",
            "create_date": "2022-08-18T16:19:15Z",
            "description": "EKS managed node group IAM role",
            "force_detach_policies": null,
            "id": "az3-4xlarge-eks-node-group-20220818161915283400000007",
            "inline_policy": [],
            "managed_policy_arns": [
              "arn:aws:iam::aws:policy/AmazonEC2ContainerRegistryReadOnly",
              "arn:aws:iam::aws:policy/AmazonEKSWorkerNodePolicy",
              "arn:aws:iam::aws:policy/AmazonEKS_CNI_Policy"
            ],
            "max_session_duration": 3600,
            "name": "az3-4xlarge-eks-node-group-20220818161915283400000007",
            "name_prefix": "az3-4xlarge-eks-node-group-",
            "path": "/",
            "permissions_boundary": null,
            "tags": {
              "Environment": "dev",
              "ManagedByTerraform": "true"
            },
            "tags_all": {
              "Environment": "dev",
              "ManagedByTerraform": "true"
            },
            "unique_id": "AROASPAP2IQF57R2TJYZD"
          },
          "sensitive_attributes": []
        }
      ]
    },
    {
      "mode": "managed",
      "type": "aws_iam_role",
      "name": "az3_4xlarge_eks_node_group_20220823125548120400000008",
      "provider": "provider[\"registry.terraform.io/hashicorp/aws\"]",
      "instances": [
        {
          "schema_version": 0,
          "attributes": {
            "arn": "arn:aws:iam::169684386827:role/az3-4xlarge-eks-node-group-20220823125548120400000008",
            "assume_role_policy": "{\"Version\": \"2012-10-17\", \"Statement\": [{\"Sid\": \"EKSNodeAssumeRole\", \"Effect\": \"Allow\", \"Principal\": {\"Service\": \"ec2.amazonaws.com\"}, \"Action\": \"sts:AssumeRole\"}]}",
            "create_date": "2022-08-23T12:55:48Z",
            "description": "EKS managed node group IAM role",
            "force_detach_policies": null,
            "id": "az3-4xlarge-eks-node-group-20220823125548120400000008",
            "inline_policy": [],
            "managed_policy_arns": [
              "arn:aws:iam::aws:policy/AmazonEC2ContainerRegistryReadOnly",
              "arn:aws:iam::aws:policy/AmazonEKSWorkerNodePolicy",
              "arn:aws:iam::aws:policy/AmazonEKS_CNI_Policy",
              "arn:aws:iam::aws:policy/AmazonSSMManagedInstanceCore",
              "arn:aws:iam::aws:policy/AmazonSSMPatchAssociation"
            ],
            "max_session_duration": 3600,
            "name": "az3-4xlarge-eks-node-group-20220823125548120400000008",
            "name_prefix": "az3-4xlarge-eks-node-group-",
            "path": "/",
            "permissions_boundary": null,
            "tags": {
              "Environment": "dev",
              "ManagedByTerraform": "true",
              "Region": "us-east-1"
            },
            "tags_all": {
              "Environment": "dev",
              "ManagedByTerraform": "true",
              "Region": "us-east-1"
            },
            "unique_id": "AROASPAP2IQF6S6PDANJJ"
          },
          "sensitive_attributes": []
        }
      ]
    },
    {
      "mode": "managed",
      "type": "aws_iam_role",
      "name": "az3_4xlarge_eks_node_group_20221020153002486900000008",
      "provider": "provider[\"registry.terraform.io/hashicorp/aws\"]",
      "instances": [
        {
          "schema_version": 0,
          "attributes": {
            "arn": "arn:aws:iam::169684386827:role/az3-4xlarge-eks-node-group-20221020153002486900000008",
            "assume_role_policy": "{\"Version\": \"2012-10-17\", \"Statement\": [{\"Sid\": \"EKSNodeAssumeRole\", \"Effect\": \"Allow\", \"Principal\": {\"Service\": \"ec2.amazonaws.com\"}, \"Action\": \"sts:AssumeRole\"}]}",
            "create_date": "2022-10-20T15:30:02Z",
            "description": "EKS managed node group IAM role",
            "force_detach_policies": null,
            "id": "az3-4xlarge-eks-node-group-20221020153002486900000008",
            "inline_policy": [],
            "managed_policy_arns": [
              "arn:aws:iam::aws:policy/AmazonEC2ContainerRegistryReadOnly",
              "arn:aws:iam::aws:policy/AmazonEKSWorkerNodePolicy",
              "arn:aws:iam::aws:policy/AmazonEKS_CNI_Policy"
            ],
            "max_session_duration": 3600,
            "name": "az3-4xlarge-eks-node-group-20221020153002486900000008",
            "name_prefix": "az3-4xlarge-eks-node-group-",
            "path": "/",
            "permissions_boundary": null,
            "tags": {
              "Environment": "dev",
              "ManagedByTerraform": "true"
            },
            "tags_all": {
              "Environment": "dev",
              "ManagedByTerraform": "true"
            },
            "unique_id": "AROASPAP2IQFW3EPA3BKE"
          },
          "sensitive_attributes": []
        }
      ]
    },
    {
      "mode": "managed",
      "type": "aws_iam_role",
      "name": "az3_4xlarge_eks_node_group_20221102203256987300000004",
      "provider": "provider[\"registry.terraform.io/hashicorp/aws\"]",
      "instances": [
        {
          "schema_version": 0,
          "attributes": {
            "arn": "arn:aws:iam::169684386827:role/az3-4xlarge-eks-node-group-20221102203256987300000004",
            "assume_role_policy": "{\"Version\": \"2012-10-17\", \"Statement\": [{\"Sid\": \"EKSNodeAssumeRole\", \"Effect\": \"Allow\", \"Principal\": {\"Service\": \"ec2.amazonaws.com\"}, \"Action\": \"sts:AssumeRole\"}]}",
            "create_date": "2022-11-02T20:32:57Z",
            "description": "EKS managed node group IAM role",
            "force_detach_policies": null,
            "id": "az3-4xlarge-eks-node-group-20221102203256987300000004",
            "inline_policy": [],
            "managed_policy_arns": [
              "arn:aws:iam::aws:policy/AmazonEC2ContainerRegistryReadOnly",
              "arn:aws:iam::aws:policy/AmazonEKSWorkerNodePolicy",
              "arn:aws:iam::aws:policy/AmazonEKS_CNI_Policy"
            ],
            "max_session_duration": 3600,
            "name": "az3-4xlarge-eks-node-group-20221102203256987300000004",
            "name_prefix": "az3-4xlarge-eks-node-group-",
            "path": "/",
            "permissions_boundary": null,
            "tags": {
              "Environment": "dev",
              "ManagedByTerraform": "true"
            },
            "tags_all": {
              "Environment": "dev",
              "ManagedByTerraform": "true"
            },
            "unique_id": "AROASPAP2IQF7NKCNSKOL"
          },
          "sensitive_attributes": []
        }
      ]
    },
    {
      "mode": "managed",
      "type": "aws_iam_role",
      "name": "az3_4xlarge_eks_node_group_20221110172120392000000009",
      "provider": "provider[\"registry.terraform.io/hashicorp/aws\"]",
      "instances": [
        {
          "schema_version": 0,
          "attributes": {
            "arn": "arn:aws:iam::169684386827:role/az3-4xlarge-eks-node-group-20221110172120392000000009",
            "assume_role_policy": "{\"Version\": \"2012-10-17\", \"Statement\": [{\"Sid\": \"EKSNodeAssumeRole\", \"Effect\": \"Allow\", \"Principal\": {\"Service\": \"ec2.amazonaws.com\"}, \"Action\": \"sts:AssumeRole\"}]}",
            "create_date": "2022-11-10T17:21:20Z",
            "description": "EKS managed node group IAM role",
            "force_detach_policies": null,
            "id": "az3-4xlarge-eks-node-group-20221110172120392000000009",
            "inline_policy": [],
            "managed_policy_arns": [
              "arn:aws:iam::aws:policy/AmazonEC2ContainerRegistryReadOnly",
              "arn:aws:iam::aws:policy/AmazonEKSWorkerNodePolicy",
              "arn:aws:iam::aws:policy/AmazonEKS_CNI_Policy"
            ],
            "max_session_duration": 3600,
            "name": "az3-4xlarge-eks-node-group-20221110172120392000000009",
            "name_prefix": "az3-4xlarge-eks-node-group-",
            "path": "/",
            "permissions_boundary": null,
            "tags": {
              "Environment": "dev",
              "ManagedByTerraform": "true"
            },
            "tags_all": {
              "Environment": "dev",
              "ManagedByTerraform": "true"
            },
            "unique_id": "AROASPAP2IQF2THTNXLZT"
          },
          "sensitive_attributes": []
        }
      ]
    },
    {
      "mode": "managed",
      "type": "aws_iam_role",
      "name": "az3_4xlarge_eks_node_group_20230124155745058300000004",
      "provider": "provider[\"registry.terraform.io/hashicorp/aws\"]",
      "instances": [
        {
          "schema_version": 0,
          "attributes": {
            "arn": "arn:aws:iam::169684386827:role/az3-4xlarge-eks-node-group-20230124155745058300000004",
            "assume_role_policy": "{\"Version\": \"2012-10-17\", \"Statement\": [{\"Sid\": \"EKSNodeAssumeRole\", \"Effect\": \"Allow\", \"Principal\": {\"Service\": \"ec2.amazonaws.com\"}, \"Action\": \"sts:AssumeRole\"}]}",
            "create_date": "2023-01-24T15:57:45Z",
            "description": "EKS managed node group IAM role",
            "force_detach_policies": null,
            "id": "az3-4xlarge-eks-node-group-20230124155745058300000004",
            "inline_policy": [],
            "managed_policy_arns": [
              "arn:aws:iam::aws:policy/AmazonEC2ContainerRegistryReadOnly",
              "arn:aws:iam::aws:policy/AmazonEKSWorkerNodePolicy",
              "arn:aws:iam::aws:policy/AmazonEKS_CNI_Policy",
              "arn:aws:iam::aws:policy/AmazonSSMManagedInstanceCore",
              "arn:aws:iam::aws:policy/AmazonSSMPatchAssociation"
            ],
            "max_session_duration": 3600,
            "name": "az3-4xlarge-eks-node-group-20230124155745058300000004",
            "name_prefix": "az3-4xlarge-eks-node-group-",
            "path": "/",
            "permissions_boundary": null,
            "tags": {
              "Environment": "dev",
              "ManagedByTerraform": "true"
            },
            "tags_all": {
              "Environment": "dev",
              "ManagedByTerraform": "true"
            },
            "unique_id": "AROASPAP2IQFRWMBVDQCX"
          },
          "sensitive_attributes": []
        }
      ]
    },
    {
      "mode": "managed",
      "type": "aws_iam_role",
      "name": "az3_4xlarge_eks_node_group_2023031716524301070000000f",
      "provider": "provider[\"registry.terraform.io/hashicorp/aws\"]",
      "instances": [
        {
          "schema_version": 0,
          "attributes": {
            "arn": "arn:aws:iam::169684386827:role/az3-4xlarge-eks-node-group-2023031716524301070000000f",
            "assume_role_policy": "{\"Version\": \"2012-10-17\", \"Statement\": [{\"Sid\": \"EKSNodeAssumeRole\", \"Effect\": \"Allow\", \"Principal\": {\"Service\": \"ec2.amazonaws.com\"}, \"Action\": \"sts:AssumeRole\"}]}",
            "create_date": "2023-03-17T16:52:43Z",
            "description": "EKS managed node group IAM role",
            "force_detach_policies": null,
            "id": "az3-4xlarge-eks-node-group-2023031716524301070000000f",
            "inline_policy": [],
            "managed_policy_arns": [
              "arn:aws:iam::aws:policy/AmazonEC2ContainerRegistryReadOnly",
              "arn:aws:iam::aws:policy/AmazonEKSWorkerNodePolicy",
              "arn:aws:iam::aws:policy/AmazonEKS_CNI_Policy"
            ],
            "max_session_duration": 3600,
            "name": "az3-4xlarge-eks-node-group-2023031716524301070000000f",
            "name_prefix": "az3-4xlarge-eks-node-group-",
            "path": "/",
            "permissions_boundary": null,
            "tags": {
              "Environment": "dev",
              "ManagedByTerraform": "true"
            },
            "tags_all": {
              "Environment": "dev",
              "ManagedByTerraform": "true"
            },
            "unique_id": "AROASPAP2IQF3JLQUXHSN"
          },
          "sensitive_attributes": []
        }
      ]
    },
    {
      "mode": "managed",
      "type": "aws_iam_role",
      "name": "az3_4xlarge_eks_node_group_2023032410414490570000000b",
      "provider": "provider[\"registry.terraform.io/hashicorp/aws\"]",
      "instances": [
        {
          "schema_version": 0,
          "attributes": {
            "arn": "arn:aws:iam::169684386827:role/az3-4xlarge-eks-node-group-2023032410414490570000000b",
            "assume_role_policy": "{\"Version\": \"2012-10-17\", \"Statement\": [{\"Sid\": \"EKSNodeAssumeRole\", \"Effect\": \"Allow\", \"Principal\": {\"Service\": \"ec2.amazonaws.com\"}, \"Action\": \"sts:AssumeRole\"}]}",
            "create_date": "2023-03-24T10:41:44Z",
            "description": "EKS managed node group IAM role",
            "force_detach_policies": null,
            "id": "az3-4xlarge-eks-node-group-2023032410414490570000000b",
            "inline_policy": [],
            "managed_policy_arns": [
              "arn:aws:iam::aws:policy/AmazonEC2ContainerRegistryReadOnly",
              "arn:aws:iam::aws:policy/AmazonEKSWorkerNodePolicy",
              "arn:aws:iam::aws:policy/AmazonEKS_CNI_Policy"
            ],
            "max_session_duration": 3600,
            "name": "az3-4xlarge-eks-node-group-2023032410414490570000000b",
            "name_prefix": "az3-4xlarge-eks-node-group-",
            "path": "/",
            "permissions_boundary": null,
            "tags": {
              "Environment": "dev",
              "ManagedByTerraform": "true"
            },
            "tags_all": {
              "Environment": "dev",
              "ManagedByTerraform": "true"
            },
            "unique_id": "AROASPAP2IQFYS4YO6D4Y"
          },
          "sensitive_attributes": []
        }
      ]
    },
    {
      "mode": "managed",
      "type": "aws_iam_role",
      "name": "az3_4xlarge_eks_node_group_2023032411460362100000000f",
      "provider": "provider[\"registry.terraform.io/hashicorp/aws\"]",
      "instances": [
        {
          "schema_version": 0,
          "attributes": {
            "arn": "arn:aws:iam::169684386827:role/az3-4xlarge-eks-node-group-2023032411460362100000000f",
            "assume_role_policy": "{\"Version\": \"2012-10-17\", \"Statement\": [{\"Sid\": \"EKSNodeAssumeRole\", \"Effect\": \"Allow\", \"Principal\": {\"Service\": \"ec2.amazonaws.com\"}, \"Action\": \"sts:AssumeRole\"}]}",
            "create_date": "2023-03-24T11:46:03Z",
            "description": "EKS managed node group IAM role",
            "force_detach_policies": null,
            "id": "az3-4xlarge-eks-node-group-2023032411460362100000000f",
            "inline_policy": [],
            "managed_policy_arns": [
              "arn:aws:iam::aws:policy/AmazonEC2ContainerRegistryReadOnly",
              "arn:aws:iam::aws:policy/AmazonEKSWorkerNodePolicy",
              "arn:aws:iam::aws:policy/AmazonEKS_CNI_Policy"
            ],
            "max_session_duration": 3600,
            "name": "az3-4xlarge-eks-node-group-2023032411460362100000000f",
            "name_prefix": "az3-4xlarge-eks-node-group-",
            "path": "/",
            "permissions_boundary": null,
            "tags": {
              "Environment": "dev",
              "ManagedByTerraform": "true"
            },
            "tags_all": {
              "Environment": "dev",
              "ManagedByTerraform": "true"
            },
            "unique_id": "AROASPAP2IQFXVO5H7CL7"
          },
          "sensitive_attributes": []
        }
      ]
    },
    {
      "mode": "managed",
      "type": "aws_iam_role",
      "name": "az3_4xlarge_eks_node_group_2023040311534820340000000d",
      "provider": "provider[\"registry.terraform.io/hashicorp/aws\"]",
      "instances": [
        {
          "schema_version": 0,
          "attributes": {
            "arn": "arn:aws:iam::169684386827:role/az3-4xlarge-eks-node-group-2023040311534820340000000d",
            "assume_role_policy": "{\"Version\": \"2012-10-17\", \"Statement\": [{\"Sid\": \"EKSNodeAssumeRole\", \"Effect\": \"Allow\", \"Principal\": {\"Service\": \"ec2.amazonaws.com\"}, \"Action\": \"sts:AssumeRole\"}]}",
            "create_date": "2023-04-03T11:53:48Z",
            "description": "EKS managed node group IAM role",
            "force_detach_policies": null,
            "id": "az3-4xlarge-eks-node-group-2023040311534820340000000d",
            "inline_policy": [],
            "managed_policy_arns": [
              "arn:aws:iam::aws:policy/AmazonEC2ContainerRegistryReadOnly",
              "arn:aws:iam::aws:policy/AmazonEKSWorkerNodePolicy",
              "arn:aws:iam::aws:policy/AmazonEKS_CNI_Policy"
            ],
            "max_session_duration": 3600,
            "name": "az3-4xlarge-eks-node-group-2023040311534820340000000d",
            "name_prefix": "az3-4xlarge-eks-node-group-",
            "path": "/",
            "permissions_boundary": null,
            "tags": {
              "Environment": "dev",
              "ManagedByTerraform": "true"
            },
            "tags_all": {
              "Environment": "dev",
              "ManagedByTerraform": "true"
            },
            "unique_id": "AROASPAP2IQFQAD5MWPU6"
          },
          "sensitive_attributes": []
        }
      ]
    },
    {
      "mode": "managed",
      "type": "aws_iam_role",
      "name": "az3_arm64_eks_node_group_20230119111552912300000009",
      "provider": "provider[\"registry.terraform.io/hashicorp/aws\"]",
      "instances": [
        {
          "schema_version": 0,
          "attributes": {
            "arn": "arn:aws:iam::169684386827:role/az3-arm64-eks-node-group-20230119111552912300000009",
            "assume_role_policy": "{\"Version\": \"2012-10-17\", \"Statement\": [{\"Sid\": \"EKSNodeAssumeRole\", \"Effect\": \"Allow\", \"Principal\": {\"Service\": \"ec2.amazonaws.com\"}, \"Action\": \"sts:AssumeRole\"}]}",
            "create_date": "2023-01-19T11:15:52Z",
            "description": "EKS managed node group IAM role",
            "force_detach_policies": null,
            "id": "az3-arm64-eks-node-group-20230119111552912300000009",
            "inline_policy": [],
            "managed_policy_arns": [
              "arn:aws:iam::aws:policy/AmazonEC2ContainerRegistryReadOnly",
              "arn:aws:iam::aws:policy/AmazonEKSWorkerNodePolicy",
              "arn:aws:iam::aws:policy/AmazonEKS_CNI_Policy",
              "arn:aws:iam::aws:policy/AmazonSSMManagedInstanceCore",
              "arn:aws:iam::aws:policy/AmazonSSMPatchAssociation"
            ],
            "max_session_duration": 3600,
            "name": "az3-arm64-eks-node-group-20230119111552912300000009",
            "name_prefix": "az3-arm64-eks-node-group-",
            "path": "/",
            "permissions_boundary": null,
            "tags": {
              "Environment": "dev",
              "ManagedByTerraform": "true",
              "Region": "us-east-1"
            },
            "tags_all": {
              "Environment": "dev",
              "ManagedByTerraform": "true",
              "Region": "us-east-1"
            },
            "unique_id": "AROASPAP2IQFR7YOIUFEM"
          },
          "sensitive_attributes": []
        }
      ]
    },
    {
      "mode": "managed",
      "type": "aws_iam_role",
      "name": "az3_arm64_eks_node_group_20230124155745066600000008",
      "provider": "provider[\"registry.terraform.io/hashicorp/aws\"]",
      "instances": [
        {
          "schema_version": 0,
          "attributes": {
            "arn": "arn:aws:iam::169684386827:role/az3-arm64-eks-node-group-20230124155745066600000008",
            "assume_role_policy": "{\"Version\": \"2012-10-17\", \"Statement\": [{\"Sid\": \"EKSNodeAssumeRole\", \"Effect\": \"Allow\", \"Principal\": {\"Service\": \"ec2.amazonaws.com\"}, \"Action\": \"sts:AssumeRole\"}]}",
            "create_date": "2023-01-24T15:57:45Z",
            "description": "EKS managed node group IAM role",
            "force_detach_policies": null,
            "id": "az3-arm64-eks-node-group-20230124155745066600000008",
            "inline_policy": [],
            "managed_policy_arns": [
              "arn:aws:iam::aws:policy/AmazonEC2ContainerRegistryReadOnly",
              "arn:aws:iam::aws:policy/AmazonEKSWorkerNodePolicy",
              "arn:aws:iam::aws:policy/AmazonEKS_CNI_Policy"
            ],
            "max_session_duration": 3600,
            "name": "az3-arm64-eks-node-group-20230124155745066600000008",
            "name_prefix": "az3-arm64-eks-node-group-",
            "path": "/",
            "permissions_boundary": null,
            "tags": {
              "Environment": "dev",
              "ManagedByTerraform": "true"
            },
            "tags_all": {
              "Environment": "dev",
              "ManagedByTerraform": "true"
            },
            "unique_id": "AROASPAP2IQFUT2725MDG"
          },
          "sensitive_attributes": []
        }
      ]
    },
    {
      "mode": "managed",
      "type": "aws_iam_role",
      "name": "az3_arm64_eks_node_group_2023031716524290590000000e",
      "provider": "provider[\"registry.terraform.io/hashicorp/aws\"]",
      "instances": [
        {
          "schema_version": 0,
          "attributes": {
            "arn": "arn:aws:iam::169684386827:role/az3-arm64-eks-node-group-2023031716524290590000000e",
            "assume_role_policy": "{\"Version\": \"2012-10-17\", \"Statement\": [{\"Sid\": \"EKSNodeAssumeRole\", \"Effect\": \"Allow\", \"Principal\": {\"Service\": \"ec2.amazonaws.com\"}, \"Action\": \"sts:AssumeRole\"}]}",
            "create_date": "2023-03-17T16:52:42Z",
            "description": "EKS managed node group IAM role",
            "force_detach_policies": null,
            "id": "az3-arm64-eks-node-group-2023031716524290590000000e",
            "inline_policy": [],
            "managed_policy_arns": [
              "arn:aws:iam::aws:policy/AmazonEC2ContainerRegistryReadOnly",
              "arn:aws:iam::aws:policy/AmazonEKSWorkerNodePolicy",
              "arn:aws:iam::aws:policy/AmazonEKS_CNI_Policy",
              "arn:aws:iam::aws:policy/AmazonSSMManagedInstanceCore",
              "arn:aws:iam::aws:policy/AmazonSSMPatchAssociation"
            ],
            "max_session_duration": 3600,
            "name": "az3-arm64-eks-node-group-2023031716524290590000000e",
            "name_prefix": "az3-arm64-eks-node-group-",
            "path": "/",
            "permissions_boundary": null,
            "tags": {
              "Environment": "dev",
              "ManagedByTerraform": "true"
            },
            "tags_all": {
              "Environment": "dev",
              "ManagedByTerraform": "true"
            },
            "unique_id": "AROASPAP2IQFS754TIP6R"
          },
          "sensitive_attributes": []
        }
      ]
    },
    {
      "mode": "managed",
      "type": "aws_iam_role",
      "name": "az3_arm64_eks_node_group_2023032410414449660000000a",
      "provider": "provider[\"registry.terraform.io/hashicorp/aws\"]",
      "instances": [
        {
          "schema_version": 0,
          "attributes": {
            "arn": "arn:aws:iam::169684386827:role/az3-arm64-eks-node-group-2023032410414449660000000a",
            "assume_role_policy": "{\"Version\": \"2012-10-17\", \"Statement\": [{\"Sid\": \"EKSNodeAssumeRole\", \"Effect\": \"Allow\", \"Principal\": {\"Service\": \"ec2.amazonaws.com\"}, \"Action\": \"sts:AssumeRole\"}]}",
            "create_date": "2023-03-24T10:41:44Z",
            "description": "EKS managed node group IAM role",
            "force_detach_policies": null,
            "id": "az3-arm64-eks-node-group-2023032410414449660000000a",
            "inline_policy": [],
            "managed_policy_arns": [
              "arn:aws:iam::aws:policy/AmazonEC2ContainerRegistryReadOnly",
              "arn:aws:iam::aws:policy/AmazonEKSWorkerNodePolicy",
              "arn:aws:iam::aws:policy/AmazonEKS_CNI_Policy"
            ],
            "max_session_duration": 3600,
            "name": "az3-arm64-eks-node-group-2023032410414449660000000a",
            "name_prefix": "az3-arm64-eks-node-group-",
            "path": "/",
            "permissions_boundary": null,
            "tags": {
              "Environment": "dev",
              "ManagedByTerraform": "true"
            },
            "tags_all": {
              "Environment": "dev",
              "ManagedByTerraform": "true"
            },
            "unique_id": "AROASPAP2IQF3IP4ZNJLM"
          },
          "sensitive_attributes": []
        }
      ]
    },
    {
      "mode": "managed",
      "type": "aws_iam_role",
      "name": "az3_arm64_eks_node_group_20230324114602108600000006",
      "provider": "provider[\"registry.terraform.io/hashicorp/aws\"]",
      "instances": [
        {
          "schema_version": 0,
          "attributes": {
            "arn": "arn:aws:iam::169684386827:role/az3-arm64-eks-node-group-20230324114602108600000006",
            "assume_role_policy": "{\"Version\": \"2012-10-17\", \"Statement\": [{\"Sid\": \"EKSNodeAssumeRole\", \"Effect\": \"Allow\", \"Principal\": {\"Service\": \"ec2.amazonaws.com\"}, \"Action\": \"sts:AssumeRole\"}]}",
            "create_date": "2023-03-24T11:46:02Z",
            "description": "EKS managed node group IAM role",
            "force_detach_policies": null,
            "id": "az3-arm64-eks-node-group-20230324114602108600000006",
            "inline_policy": [],
            "managed_policy_arns": [
              "arn:aws:iam::aws:policy/AmazonEC2ContainerRegistryReadOnly",
              "arn:aws:iam::aws:policy/AmazonEKSWorkerNodePolicy",
              "arn:aws:iam::aws:policy/AmazonEKS_CNI_Policy"
            ],
            "max_session_duration": 3600,
            "name": "az3-arm64-eks-node-group-20230324114602108600000006",
            "name_prefix": "az3-arm64-eks-node-group-",
            "path": "/",
            "permissions_boundary": null,
            "tags": {
              "Environment": "dev",
              "ManagedByTerraform": "true"
            },
            "tags_all": {
              "Environment": "dev",
              "ManagedByTerraform": "true"
            },
            "unique_id": "AROASPAP2IQF2HCRAA6KB"
          },
          "sensitive_attributes": []
        }
      ]
    },
    {
      "mode": "managed",
      "type": "aws_iam_role",
      "name": "az3_arm64_eks_node_group_2023040311534854510000000f",
      "provider": "provider[\"registry.terraform.io/hashicorp/aws\"]",
      "instances": [
        {
          "schema_version": 0,
          "attributes": {
            "arn": "arn:aws:iam::169684386827:role/az3-arm64-eks-node-group-2023040311534854510000000f",
            "assume_role_policy": "{\"Version\": \"2012-10-17\", \"Statement\": [{\"Sid\": \"EKSNodeAssumeRole\", \"Effect\": \"Allow\", \"Principal\": {\"Service\": \"ec2.amazonaws.com\"}, \"Action\": \"sts:AssumeRole\"}]}",
            "create_date": "2023-04-03T11:53:48Z",
            "description": "EKS managed node group IAM role",
            "force_detach_policies": null,
            "id": "az3-arm64-eks-node-group-2023040311534854510000000f",
            "inline_policy": [],
            "managed_policy_arns": [
              "arn:aws:iam::aws:policy/AmazonEC2ContainerRegistryReadOnly",
              "arn:aws:iam::aws:policy/AmazonEKSWorkerNodePolicy",
              "arn:aws:iam::aws:policy/AmazonEKS_CNI_Policy"
            ],
            "max_session_duration": 3600,
            "name": "az3-arm64-eks-node-group-2023040311534854510000000f",
            "name_prefix": "az3-arm64-eks-node-group-",
            "path": "/",
            "permissions_boundary": null,
            "tags": {
              "Environment": "dev",
              "ManagedByTerraform": "true"
            },
            "tags_all": {
              "Environment": "dev",
              "ManagedByTerraform": "true"
            },
            "unique_id": "AROASPAP2IQFWAYOS2HAV"
          },
          "sensitive_attributes": []
        }
      ]
    },
    {
      "mode": "managed",
      "type": "aws_iam_role",
      "name": "clickhouse_ec2",
      "provider": "provider[\"registry.terraform.io/hashicorp/aws\"]",
      "instances": [
        {
          "schema_version": 0,
          "attributes": {
            "arn": "arn:aws:iam::169684386827:role/clickhouse_ec2",
            "assume_role_policy": "{\"Version\": \"2012-10-17\", \"Statement\": [{\"Sid\": \"\", \"Effect\": \"Allow\", \"Principal\": {\"Service\": \"ec2.amazonaws.com\"}, \"Action\": \"sts:AssumeRole\"}]}",
            "create_date": "2022-06-08T07:29:08Z",
            "description": "Role for ClickHouse EC2 instances",
            "force_detach_policies": null,
            "id": "clickhouse_ec2",
            "inline_policy": [],
            "managed_policy_arns": [
              "arn:aws:iam::169684386827:policy/ch_get_tls_secrets",
              "arn:aws:iam::aws:policy/AmazonSSMManagedInstanceCore",
              "arn:aws:iam::aws:policy/AmazonSSMPatchAssociation"
            ],
            "max_session_duration": 3600,
            "name": "clickhouse_ec2",
            "name_prefix": "",
            "path": "/",
            "permissions_boundary": null,
            "tags": {
              "Environment": "dev",
              "ManagedByTerraform": "true",
              "Region": "us-east-1"
            },
            "tags_all": {
              "Environment": "dev",
              "ManagedByTerraform": "true",
              "Region": "us-east-1"
            },
            "unique_id": "AROASPAP2IQFQW67IV4WO"
          },
          "sensitive_attributes": []
        }
      ]
    },
    {
      "mode": "managed",
      "type": "aws_iam_role",
      "name": "cognito_auth_role",
      "provider": "provider[\"registry.terraform.io/hashicorp/aws\"]",
      "instances": [
        {
          "schema_version": 0,
          "attributes": {
            "arn": "arn:aws:iam::169684386827:role/cognito_auth-role",
            "assume_role_policy": "{\"Version\": \"2012-10-17\", \"Statement\": [{\"Sid\": \"AllowAwsToAssumeRole\", \"Effect\": \"Allow\", \"Principal\": {\"Service\": [\"lambda.amazonaws.com\", \"edgelambda.amazonaws.com\"]}, \"Action\": \"sts:AssumeRole\"}]}",
            "create_date": "2023-03-27T22:37:16Z",
            "description": "",
            "force_detach_policies": null,
            "id": "cognito_auth-role",
            "inline_policy": [
              {
                "name": "cognito_authat-edge",
                "policy": "{\"Version\":\"2012-10-17\",\"Statement\":[{\"Action\":[\"logs:PutLogEvents\",\"logs:CreateLogStream\",\"logs:CreateLogGroup\"],\"Effect\":\"Allow\",\"Resource\":\"*\",\"Sid\":\"\"}]}"
              }
            ],
            "managed_policy_arns": [
              "arn:aws:iam::169684386827:policy/cognito_auth-ssm-policy"
            ],
            "max_session_duration": 3600,
            "name": "cognito_auth-role",
            "name_prefix": "",
            "path": "/",
            "permissions_boundary": null,
            "tags": {
              "Environment": "dev",
              "ManagedByTerraform": "true",
              "Region": "us-east-1"
            },
            "tags_all": {
              "Environment": "dev",
              "ManagedByTerraform": "true",
              "Region": "us-east-1"
            },
            "unique_id": "AROASPAP2IQFXGWFHCXZB"
          },
          "sensitive_attributes": []
        }
      ]
    },
    {
      "mode": "managed",
      "type": "aws_iam_role",
      "name": "default_20220523131651400000000002",
      "provider": "provider[\"registry.terraform.io/hashicorp/aws\"]",
      "instances": [
        {
          "schema_version": 0,
          "attributes": {
            "arn": "arn:aws:iam::169684386827:role/default-20220523131651400000000002",
            "assume_role_policy": "{\"Version\": \"2012-10-17\", \"Statement\": [{\"Sid\": \"\", \"Effect\": \"Allow\", \"Principal\": {\"Service\": \"eks-fargate-pods.amazonaws.com\"}, \"Action\": \"sts:AssumeRole\"}]}",
            "create_date": "2022-05-23T13:16:51Z",
            "description": "Fargate profile IAM role",
            "force_detach_policies": null,
            "id": "default-20220523131651400000000002",
            "inline_policy": [],
            "managed_policy_arns": [
              "arn:aws:iam::aws:policy/AmazonEKSFargatePodExecutionRolePolicy",
              "arn:aws:iam::aws:policy/AmazonEKS_CNI_Policy"
            ],
            "max_session_duration": 3600,
            "name": "default-20220523131651400000000002",
            "name_prefix": "default-",
            "path": "/",
            "permissions_boundary": null,
            "tags": {
              "Environment": "dev",
              "ManagedByTerraform": "true"
            },
            "tags_all": {
              "Environment": "dev",
              "ManagedByTerraform": "true"
            },
            "unique_id": "AROASPAP2IQFWWA5RPAFI"
          },
          "sensitive_attributes": []
        }
      ]
    },
    {
      "mode": "managed",
      "type": "aws_iam_role",
      "name": "ec2_default",
      "provider": "provider[\"registry.terraform.io/hashicorp/aws\"]",
      "instances": [
        {
          "schema_version": 0,
          "attributes": {
            "arn": "arn:aws:iam::169684386827:role/ec2_default",
            "assume_role_policy": "{\"Version\": \"2012-10-17\", \"Statement\": [{\"Sid\": \"\", \"Effect\": \"Allow\", \"Principal\": {\"Service\": \"ec2.amazonaws.com\"}, \"Action\": \"sts:AssumeRole\"}]}",
            "create_date": "2022-04-13T15:15:46Z",
            "description": "Default role that an EC2 instance can assume",
            "force_detach_policies": null,
            "id": "ec2_default",
            "inline_policy": [],
            "managed_policy_arns": [
              "arn:aws:iam::169684386827:policy/get_internal_ec2_keypair_from_secretsmanager",
              "arn:aws:iam::169684386827:policy/get_posthog_ca_from_secretsmanager",
              "arn:aws:iam::aws:policy/AmazonSSMManagedInstanceCore",
              "arn:aws:iam::aws:policy/AmazonSSMPatchAssociation",
              "arn:aws:iam::aws:policy/CloudWatchAgentServerPolicy"
            ],
            "max_session_duration": 3600,
            "name": "ec2_default",
            "name_prefix": "",
            "path": "/",
            "permissions_boundary": null,
            "tags": {
              "Environment": "dev",
              "ManagedByTerraform": "true",
              "Region": "us-east-1"
            },
            "tags_all": {
              "Environment": "dev",
              "ManagedByTerraform": "true",
              "Region": "us-east-1"
            },
            "unique_id": "AROASPAP2IQFUKQB67VSS"
          },
          "sensitive_attributes": []
        }
      ]
    },
    {
      "mode": "managed",
      "type": "aws_iam_role",
      "name": "github_terraform_infra_role",
      "provider": "provider[\"registry.terraform.io/hashicorp/aws\"]",
      "instances": [
        {
          "schema_version": 0,
          "attributes": {
            "arn": "arn:aws:iam::169684386827:role/github-terraform-infra-role",
            "assume_role_policy": "{\"Version\": \"2012-10-17\", \"Statement\": [{\"Sid\": \"\", \"Effect\": \"Allow\", \"Principal\": {\"Federated\": \"arn:aws:iam::169684386827:oidc-provider/token.actions.githubusercontent.com\"}, \"Action\": \"sts:AssumeRoleWithWebIdentity\", \"Condition\": {\"StringEquals\": {\"token.actions.githubusercontent.com:aud\": \"sts.amazonaws.com\"}, \"StringLike\": {\"token.actions.githubusercontent.com:sub\": [\"repo:PostHog/posthog-cloud-infra:*\", \"repo:PostHog/billing:*\", \"repo:PostHog/posthog:*\"]}}}]}",
            "create_date": "2022-04-19T16:58:01Z",
            "description": "",
            "force_detach_policies": null,
            "id": "github-terraform-infra-role",
            "inline_policy": [],
            "managed_policy_arns": [
              "arn:aws:iam::169684386827:policy/terraform-role"
            ],
            "max_session_duration": 7200,
            "name": "github-terraform-infra-role",
            "name_prefix": "",
            "path": "/",
            "permissions_boundary": null,
            "tags": {
              "Environment": "dev",
              "ManagedByTerraform": "true",
              "Region": "us-east-1"
            },
            "tags_all": {
              "Environment": "dev",
              "ManagedByTerraform": "true",
              "Region": "us-east-1"
            },
            "unique_id": "AROASPAP2IQF6BIHRS4TP"
          },
          "sensitive_attributes": []
        }
      ]
    },
    {
      "mode": "managed",
      "type": "aws_iam_role",
      "name": "grafana",
      "provider": "provider[\"registry.terraform.io/hashicorp/aws\"]",
      "instances": [
        {
          "schema_version": 0,
          "attributes": {
            "arn": "arn:aws:iam::169684386827:role/grafana",
            "assume_role_policy": "{\"Version\": \"2012-10-17\", \"Statement\": [{\"Effect\": \"Allow\", \"Principal\": {\"Federated\": \"arn:aws:iam::169684386827:oidc-provider/oidc.eks.us-east-1.amazonaws.com/id/8BD6E1D2FEBDE47C8177E29CAC9E6C61\"}, \"Action\": \"sts:AssumeRoleWithWebIdentity\", \"Condition\": {\"StringEquals\": {\"oidc.eks.us-east-1.amazonaws.com/id/8BD6E1D2FEBDE47C8177E29CAC9E6C61:sub\": \"system:serviceaccount:posthog:grafana\"}}}]}",
            "create_date": "2022-06-20T14:10:35Z",
            "description": "",
            "force_detach_policies": null,
            "id": "grafana",
            "inline_policy": [
              {
                "name": "terraform-20220620141036775900000001",
                "policy": "{\"Version\":\"2012-10-17\",\"Statement\":[{\"Action\":[\"cloudwatch:DescribeAlarmsForMetric\",\"cloudwatch:DescribeAlarmHistory\",\"cloudwatch:DescribeAlarms\",\"cloudwatch:ListMetrics\",\"cloudwatch:GetMetricData\",\"cloudwatch:GetInsightRuleReport\"],\"Effect\":\"Allow\",\"Resource\":\"*\",\"Sid\":\"AllowReadingMetricsFromCloudWatch\"},{\"Action\":[\"logs:DescribeLogGroups\",\"logs:GetLogGroupFields\",\"logs:StartQuery\",\"logs:StopQuery\",\"logs:GetQueryResults\",\"logs:GetLogEvents\"],\"Effect\":\"Allow\",\"Resource\":\"*\",\"Sid\":\"AllowReadingLogsFromCloudWatch\"},{\"Action\":[\"ec2:DescribeTags\",\"ec2:DescribeInstances\",\"ec2:DescribeRegions\"],\"Effect\":\"Allow\",\"Resource\":\"*\",\"Sid\":\"AllowReadingTagsInstancesRegionsFromEC2\"},{\"Action\":\"tag:GetResources\",\"Effect\":\"Allow\",\"Resource\":\"*\",\"Sid\":\"AllowReadingResourcesForTags\"}]}"
              }
            ],
            "managed_policy_arns": [],
            "max_session_duration": 3600,
            "name": "grafana",
            "name_prefix": "",
            "path": "/",
            "permissions_boundary": null,
            "tags": {
              "Environment": "dev",
              "ManagedByTerraform": "true",
              "Region": "us-east-1"
            },
            "tags_all": {
              "Environment": "dev",
              "ManagedByTerraform": "true",
              "Region": "us-east-1"
            },
            "unique_id": "AROASPAP2IQFTDLCTPUHF"
          },
          "sensitive_attributes": []
        }
      ]
    },
    {
      "mode": "managed",
      "type": "aws_iam_role",
      "name": "kube_system_20220523131651399400000001",
      "provider": "provider[\"registry.terraform.io/hashicorp/aws\"]",
      "instances": [
        {
          "schema_version": 0,
          "attributes": {
            "arn": "arn:aws:iam::169684386827:role/kube-system-20220523131651399400000001",
            "assume_role_policy": "{\"Version\": \"2012-10-17\", \"Statement\": [{\"Sid\": \"\", \"Effect\": \"Allow\", \"Principal\": {\"Service\": \"eks-fargate-pods.amazonaws.com\"}, \"Action\": \"sts:AssumeRole\"}]}",
            "create_date": "2022-05-23T13:16:51Z",
            "description": "Fargate profile IAM role",
            "force_detach_policies": null,
            "id": "kube-system-20220523131651399400000001",
            "inline_policy": [],
            "managed_policy_arns": [
              "arn:aws:iam::aws:policy/AmazonEKSFargatePodExecutionRolePolicy",
              "arn:aws:iam::aws:policy/AmazonEKS_CNI_Policy"
            ],
            "max_session_duration": 3600,
            "name": "kube-system-20220523131651399400000001",
            "name_prefix": "kube-system-",
            "path": "/",
            "permissions_boundary": null,
            "tags": {
              "Environment": "dev",
              "ManagedByTerraform": "true"
            },
            "tags_all": {
              "Environment": "dev",
              "ManagedByTerraform": "true"
            },
            "unique_id": "AROASPAP2IQF6DYBVQACF"
          },
          "sensitive_attributes": []
        }
      ]
    },
    {
      "mode": "managed",
      "type": "aws_iam_role",
      "name": "loki",
      "provider": "provider[\"registry.terraform.io/hashicorp/aws\"]",
      "instances": [
        {
          "schema_version": 0,
          "attributes": {
            "arn": "arn:aws:iam::169684386827:role/loki",
            "assume_role_policy": "{\"Version\": \"2012-10-17\", \"Statement\": [{\"Effect\": \"Allow\", \"Principal\": {\"Federated\": \"arn:aws:iam::169684386827:oidc-provider/oidc.eks.us-east-1.amazonaws.com/id/8BD6E1D2FEBDE47C8177E29CAC9E6C61\"}, \"Action\": \"sts:AssumeRoleWithWebIdentity\", \"Condition\": {\"StringEquals\": {\"oidc.eks.us-east-1.amazonaws.com/id/8BD6E1D2FEBDE47C8177E29CAC9E6C61:sub\": \"system:serviceaccount:posthog:loki\"}}}]}",
            "create_date": "2022-07-05T14:53:27Z",
            "description": "",
            "force_detach_policies": null,
            "id": "loki",
            "inline_policy": [
              {
                "name": "terraform-20220705145329518800000001",
                "policy": "{\"Version\":\"2012-10-17\",\"Statement\":[{\"Action\":[\"s3:PutObject\",\"s3:GetObject\",\"s3:DeleteObject\"],\"Effect\":\"Allow\",\"Resource\":\"arn:aws:s3:::posthog-cloud-dev-us-east-1-loki/*\"},{\"Action\":[\"s3:ListBucket\"],\"Effect\":\"Allow\",\"Resource\":\"arn:aws:s3:::posthog-cloud-dev-us-east-1-loki\"}]}"
              }
            ],
            "managed_policy_arns": [],
            "max_session_duration": 3600,
            "name": "loki",
            "name_prefix": "",
            "path": "/",
            "permissions_boundary": null,
            "tags": {
              "Environment": "dev",
              "ManagedByTerraform": "true",
              "Region": "us-east-1"
            },
            "tags_all": {
              "Environment": "dev",
              "ManagedByTerraform": "true",
              "Region": "us-east-1"
            },
            "unique_id": "AROASPAP2IQFVEPKIE47A"
          },
          "sensitive_attributes": []
        }
      ]
    },
    {
      "mode": "managed",
      "type": "aws_iam_role",
      "name": "nodes_eks_node_group_20220523131651404200000007",
      "provider": "provider[\"registry.terraform.io/hashicorp/aws\"]",
      "instances": [
        {
          "schema_version": 0,
          "attributes": {
            "arn": "arn:aws:iam::169684386827:role/nodes-eks-node-group-20220523131651404200000007",
            "assume_role_policy": "{\"Version\": \"2012-10-17\", \"Statement\": [{\"Sid\": \"EKSNodeAssumeRole\", \"Effect\": \"Allow\", \"Principal\": {\"Service\": \"ec2.amazonaws.com\"}, \"Action\": \"sts:AssumeRole\"}]}",
            "create_date": "2022-05-23T13:16:51Z",
            "description": "EKS managed node group IAM role",
            "force_detach_policies": null,
            "id": "nodes-eks-node-group-20220523131651404200000007",
            "inline_policy": [],
            "managed_policy_arns": [
              "arn:aws:iam::aws:policy/AmazonEC2ContainerRegistryReadOnly",
              "arn:aws:iam::aws:policy/AmazonEKSWorkerNodePolicy",
              "arn:aws:iam::aws:policy/AmazonEKS_CNI_Policy"
            ],
            "max_session_duration": 3600,
            "name": "nodes-eks-node-group-20220523131651404200000007",
            "name_prefix": "nodes-eks-node-group-",
            "path": "/",
            "permissions_boundary": null,
            "tags": {
              "Environment": "dev",
              "ManagedByTerraform": "true"
            },
            "tags_all": {
              "Environment": "dev",
              "ManagedByTerraform": "true"
            },
            "unique_id": "AROASPAP2IQFRAZWP32W7"
          },
          "sensitive_attributes": []
        }
      ]
    },
    {
      "mode": "managed",
      "type": "aws_iam_role",
      "name": "nodes_eks_node_group_20220602125147928200000004",
      "provider": "provider[\"registry.terraform.io/hashicorp/aws\"]",
      "instances": [
        {
          "schema_version": 0,
          "attributes": {
            "arn": "arn:aws:iam::169684386827:role/nodes-eks-node-group-20220602125147928200000004",
            "assume_role_policy": "{\"Version\": \"2012-10-17\", \"Statement\": [{\"Sid\": \"EKSNodeAssumeRole\", \"Effect\": \"Allow\", \"Principal\": {\"Service\": \"ec2.amazonaws.com\"}, \"Action\": \"sts:AssumeRole\"}]}",
            "create_date": "2022-06-02T12:51:48Z",
            "description": "EKS managed node group IAM role",
            "force_detach_policies": null,
            "id": "nodes-eks-node-group-20220602125147928200000004",
            "inline_policy": [],
            "managed_policy_arns": [
              "arn:aws:iam::aws:policy/AmazonEC2ContainerRegistryReadOnly",
              "arn:aws:iam::aws:policy/AmazonEKSWorkerNodePolicy",
              "arn:aws:iam::aws:policy/AmazonEKS_CNI_Policy"
            ],
            "max_session_duration": 3600,
            "name": "nodes-eks-node-group-20220602125147928200000004",
            "name_prefix": "nodes-eks-node-group-",
            "path": "/",
            "permissions_boundary": null,
            "tags": {
              "Environment": "dev",
              "ManagedByTerraform": "true"
            },
            "tags_all": {
              "Environment": "dev",
              "ManagedByTerraform": "true"
            },
            "unique_id": "AROASPAP2IQF3EWMO5MOX"
          },
          "sensitive_attributes": []
        }
      ]
    },
    {
      "mode": "managed",
      "type": "aws_iam_role",
      "name": "nodes_eks_node_group_20220616115441134600000003",
      "provider": "provider[\"registry.terraform.io/hashicorp/aws\"]",
      "instances": [
        {
          "schema_version": 0,
          "attributes": {
            "arn": "arn:aws:iam::169684386827:role/nodes-eks-node-group-20220616115441134600000003",
            "assume_role_policy": "{\"Version\": \"2012-10-17\", \"Statement\": [{\"Sid\": \"EKSNodeAssumeRole\", \"Effect\": \"Allow\", \"Principal\": {\"Service\": \"ec2.amazonaws.com\"}, \"Action\": \"sts:AssumeRole\"}]}",
            "create_date": "2022-06-16T11:54:41Z",
            "description": "EKS managed node group IAM role",
            "force_detach_policies": null,
            "id": "nodes-eks-node-group-20220616115441134600000003",
            "inline_policy": [],
            "managed_policy_arns": [
              "arn:aws:iam::aws:policy/AmazonEC2ContainerRegistryReadOnly",
              "arn:aws:iam::aws:policy/AmazonEKSWorkerNodePolicy",
              "arn:aws:iam::aws:policy/AmazonEKS_CNI_Policy"
            ],
            "max_session_duration": 3600,
            "name": "nodes-eks-node-group-20220616115441134600000003",
            "name_prefix": "nodes-eks-node-group-",
            "path": "/",
            "permissions_boundary": null,
            "tags": {
              "Environment": "dev",
              "ManagedByTerraform": "true"
            },
            "tags_all": {
              "Environment": "dev",
              "ManagedByTerraform": "true"
            },
            "unique_id": "AROASPAP2IQFVRM6UGWLV"
          },
          "sensitive_attributes": []
        }
      ]
    },
    {
      "mode": "managed",
      "type": "aws_iam_role",
      "name": "posthog_dev_aws_load_balancer_controller",
      "provider": "provider[\"registry.terraform.io/hashicorp/aws\"]",
      "instances": [
        {
          "schema_version": 0,
          "attributes": {
            "arn": "arn:aws:iam::169684386827:role/posthog-dev-aws-load-balancer-controller",
            "assume_role_policy": "{\"Version\": \"2012-10-17\", \"Statement\": [{\"Effect\": \"Allow\", \"Principal\": {\"Federated\": \"arn:aws:iam::169684386827:oidc-provider/oidc.eks.us-east-1.amazonaws.com/id/8BD6E1D2FEBDE47C8177E29CAC9E6C61\"}, \"Action\": \"sts:AssumeRoleWithWebIdentity\", \"Condition\": {\"StringEquals\": {\"oidc.eks.us-east-1.amazonaws.com/id/8BD6E1D2FEBDE47C8177E29CAC9E6C61:sub\": \"system:serviceaccount:kube-system:aws-load-balancer-controller\"}}}]}",
            "create_date": "2022-05-02T10:34:45Z",
            "description": "",
            "force_detach_policies": null,
            "id": "posthog-dev-aws-load-balancer-controller",
            "inline_policy": [],
            "managed_policy_arns": [
              "arn:aws:iam::169684386827:policy/service/posthog-dev/posthog-dev-AWSLoadBalancerControllerGlobalIAMPolicy"
            ],
            "max_session_duration": 3600,
            "name": "posthog-dev-aws-load-balancer-controller",
            "name_prefix": "",
            "path": "/",
            "permissions_boundary": null,
            "tags": {
              "Environment": "dev",
              "ManagedByTerraform": "true",
              "Region": "us-east-1"
            },
            "tags_all": {
              "Environment": "dev",
              "ManagedByTerraform": "true",
              "Region": "us-east-1"
            },
            "unique_id": "AROASPAP2IQF53VUQLH2E"
          },
          "sensitive_attributes": []
        }
      ]
    },
    {
      "mode": "managed",
      "type": "aws_iam_role",
      "name": "posthog_dev_cluster_20220429143555706600000004",
      "provider": "provider[\"registry.terraform.io/hashicorp/aws\"]",
      "instances": [
        {
          "schema_version": 0,
          "attributes": {
            "arn": "arn:aws:iam::169684386827:role/posthog-dev-cluster-20220429143555706600000004",
            "assume_role_policy": "{\"Version\": \"2012-10-17\", \"Statement\": [{\"Sid\": \"EKSClusterAssumeRole\", \"Effect\": \"Allow\", \"Principal\": {\"Service\": \"eks.amazonaws.com\"}, \"Action\": \"sts:AssumeRole\"}]}",
            "create_date": "2022-04-29T14:35:55Z",
            "description": "",
            "force_detach_policies": null,
            "id": "posthog-dev-cluster-20220429143555706600000004",
            "inline_policy": [],
            "managed_policy_arns": [
              "arn:aws:iam::aws:policy/AmazonEKSClusterPolicy",
              "arn:aws:iam::aws:policy/AmazonEKSVPCResourceController"
            ],
            "max_session_duration": 3600,
            "name": "posthog-dev-cluster-20220429143555706600000004",
            "name_prefix": "posthog-dev-cluster-",
            "path": "/",
            "permissions_boundary": null,
            "tags": {
              "Environment": "dev",
              "ManagedByTerraform": "true",
              "Region": "us-east-1"
            },
            "tags_all": {
              "Environment": "dev",
              "ManagedByTerraform": "true",
              "Region": "us-east-1"
            },
            "unique_id": "AROASPAP2IQF4M5VDMPUQ"
          },
          "sensitive_attributes": []
        }
      ]
    },
    {
      "mode": "managed",
      "type": "aws_iam_role",
      "name": "posthog_dev_cluster_autoscaler",
      "provider": "provider[\"registry.terraform.io/hashicorp/aws\"]",
      "instances": [
        {
          "schema_version": 0,
          "attributes": {
            "arn": "arn:aws:iam::169684386827:role/posthog-dev-cluster-autoscaler",
            "assume_role_policy": "{\"Version\": \"2012-10-17\", \"Statement\": [{\"Effect\": \"Allow\", \"Principal\": {\"Federated\": \"arn:aws:iam::169684386827:oidc-provider/oidc.eks.us-east-1.amazonaws.com/id/8BD6E1D2FEBDE47C8177E29CAC9E6C61\"}, \"Action\": \"sts:AssumeRoleWithWebIdentity\", \"Condition\": {\"StringEquals\": {\"oidc.eks.us-east-1.amazonaws.com/id/8BD6E1D2FEBDE47C8177E29CAC9E6C61:sub\": \"system:serviceaccount:kube-system:cluster-autoscaler\"}}}]}",
            "create_date": "2022-05-03T14:36:30Z",
            "description": "",
            "force_detach_policies": null,
            "id": "posthog-dev-cluster-autoscaler",
            "inline_policy": [],
            "managed_policy_arns": [
              "arn:aws:iam::169684386827:policy/posthog-dev-worker-autoscaling20220503143630354100000003"
            ],
            "max_session_duration": 3600,
            "name": "posthog-dev-cluster-autoscaler",
            "name_prefix": "",
            "path": "/",
            "permissions_boundary": null,
            "tags": {
              "Environment": "dev",
              "ManagedByTerraform": "true",
              "Region": "us-east-1"
            },
            "tags_all": {
              "Environment": "dev",
              "ManagedByTerraform": "true",
              "Region": "us-east-1"
            },
            "unique_id": "AROASPAP2IQFQOLKNGIDE"
          },
          "sensitive_attributes": []
        }
      ]
    },
    {
      "mode": "managed",
      "type": "aws_iam_role",
      "name": "posthog_dev_ebs_csi_driver",
      "provider": "provider[\"registry.terraform.io/hashicorp/aws\"]",
      "instances": [
        {
          "schema_version": 0,
          "attributes": {
            "arn": "arn:aws:iam::169684386827:role/posthog-dev-ebs-csi-driver",
            "assume_role_policy": "{\"Version\": \"2012-10-17\", \"Statement\": [{\"Effect\": \"Allow\", \"Principal\": {\"Federated\": \"arn:aws:iam::169684386827:oidc-provider/oidc.eks.us-east-1.amazonaws.com/id/8BD6E1D2FEBDE47C8177E29CAC9E6C61\"}, \"Action\": \"sts:AssumeRoleWithWebIdentity\", \"Condition\": {\"StringEquals\": {\"oidc.eks.us-east-1.amazonaws.com/id/8BD6E1D2FEBDE47C8177E29CAC9E6C61:aud\": \"sts.amazonaws.com\", \"oidc.eks.us-east-1.amazonaws.com/id/8BD6E1D2FEBDE47C8177E29CAC9E6C61:sub\": \"system:serviceaccount:kube-system:ebs-csi-controller-sa\"}}}]}",
            "create_date": "2022-10-14T16:06:24Z",
            "description": "",
            "force_detach_policies": null,
            "id": "posthog-dev-ebs-csi-driver",
            "inline_policy": [],
            "managed_policy_arns": [
              "arn:aws:iam::169684386827:policy/posthog-dev-ebs-csi-driver20221014160624289300000001",
              "arn:aws:iam::aws:policy/service-role/AmazonEBSCSIDriverPolicy"
            ],
            "max_session_duration": 3600,
            "name": "posthog-dev-ebs-csi-driver",
            "name_prefix": "",
            "path": "/",
            "permissions_boundary": null,
            "tags": {
              "Environment": "dev",
              "ManagedByTerraform": "true",
              "Region": "us-east-1"
            },
            "tags_all": {
              "Environment": "dev",
              "ManagedByTerraform": "true",
              "Region": "us-east-1"
            },
            "unique_id": "AROASPAP2IQFT6UPV6EPW"
          },
          "sensitive_attributes": []
        }
      ]
    },
    {
      "mode": "managed",
      "type": "aws_iam_role",
      "name": "posthog_dev_external_dns",
      "provider": "provider[\"registry.terraform.io/hashicorp/aws\"]",
      "instances": [
        {
          "schema_version": 0,
          "attributes": {
            "arn": "arn:aws:iam::169684386827:role/posthog-dev-external-dns",
            "assume_role_policy": "{\"Version\": \"2012-10-17\", \"Statement\": [{\"Effect\": \"Allow\", \"Principal\": {\"Federated\": \"arn:aws:iam::169684386827:oidc-provider/oidc.eks.us-east-1.amazonaws.com/id/8BD6E1D2FEBDE47C8177E29CAC9E6C61\"}, \"Action\": \"sts:AssumeRoleWithWebIdentity\", \"Condition\": {\"StringEquals\": {\"oidc.eks.us-east-1.amazonaws.com/id/8BD6E1D2FEBDE47C8177E29CAC9E6C61:sub\": \"system:serviceaccount:kube-system:external-dns\"}}}]}",
            "create_date": "2022-05-06T10:48:23Z",
            "description": "",
            "force_detach_policies": null,
            "id": "posthog-dev-external-dns",
            "inline_policy": [],
            "managed_policy_arns": [
              "arn:aws:iam::169684386827:policy/posthog-dev-external-dns20220506104822640100000001"
            ],
            "max_session_duration": 3600,
            "name": "posthog-dev-external-dns",
            "name_prefix": "",
            "path": "/",
            "permissions_boundary": null,
            "tags": {
              "Environment": "dev",
              "ManagedByTerraform": "true",
              "Region": "us-east-1"
            },
            "tags_all": {
              "Environment": "dev",
              "ManagedByTerraform": "true",
              "Region": "us-east-1"
            },
            "unique_id": "AROASPAP2IQF7ZW4J57AX"
          },
          "sensitive_attributes": []
        }
      ]
    },
    {
      "mode": "managed",
      "type": "aws_iam_role",
      "name": "rds_backup_service_role_us_east_1",
      "provider": "provider[\"registry.terraform.io/hashicorp/aws\"]",
      "instances": [
        {
          "schema_version": 0,
          "attributes": {
            "arn": "arn:aws:iam::169684386827:role/rds-backup-service-role-us-east-1",
            "assume_role_policy": "{\"Version\": \"2012-10-17\", \"Statement\": [{\"Effect\": \"Allow\", \"Principal\": {\"Service\": \"backup.amazonaws.com\"}, \"Action\": \"sts:AssumeRole\"}]}",
            "create_date": "2022-11-19T14:39:22Z",
            "description": "",
            "force_detach_policies": null,
            "id": "rds-backup-service-role-us-east-1",
            "inline_policy": [],
            "managed_policy_arns": [
              "arn:aws:iam::aws:policy/service-role/AWSBackupServiceRolePolicyForBackup"
            ],
            "max_session_duration": 3600,
            "name": "rds-backup-service-role-us-east-1",
            "name_prefix": "",
            "path": "/",
            "permissions_boundary": null,
            "tags": {
              "Environment": "dev",
              "ManagedByTerraform": "true",
              "Region": "us-east-1"
            },
            "tags_all": {
              "Environment": "dev",
              "ManagedByTerraform": "true",
              "Region": "us-east-1"
            },
            "unique_id": "AROASPAP2IQF2PUYBGBGP"
          },
          "sensitive_attributes": []
        }
      ]
    },
    {
      "mode": "managed",
      "type": "aws_iam_role",
      "name": "secrettest_role_4c20jvwx",
      "provider": "provider[\"registry.terraform.io/hashicorp/aws\"]",
      "instances": [
        {
          "schema_version": 0,
          "attributes": {
            "arn": "arn:aws:iam::169684386827:role/service-role/secrettest-role-4c20jvwx",
            "assume_role_policy": "{\"Version\": \"2012-10-17\", \"Statement\": [{\"Effect\": \"Allow\", \"Principal\": {\"Service\": \"lambda.amazonaws.com\"}, \"Action\": \"sts:AssumeRole\"}]}",
            "create_date": "2022-06-07T14:57:38Z",
            "description": "",
            "force_detach_policies": null,
            "id": "secrettest-role-4c20jvwx",
            "inline_policy": [],
            "managed_policy_arns": [
              "arn:aws:iam::169684386827:policy/service-role/AWSLambdaBasicExecutionRole-1331fe92-9d01-4713-a7d8-bdcf48878ddc",
              "arn:aws:iam::169684386827:policy/service-role/AWSLambdaVPCAccessExecutionRole-d6b7ff65-2a11-439b-a5b9-a9e156598ab9"
            ],
            "max_session_duration": 3600,
            "name": "secrettest-role-4c20jvwx",
            "name_prefix": "",
            "path": "/service-role/",
            "permissions_boundary": null,
            "tags": {},
            "tags_all": {},
            "unique_id": "AROASPAP2IQFQBGETPLOS"
          },
          "sensitive_attributes": []
        }
      ]
    },
    {
      "mode": "managed",
      "type": "aws_iam_role",
      "name": "spacelift",
      "provider": "provider[\"registry.terraform.io/hashicorp/aws\"]",
      "instances": [
        {
          "schema_version": 0,
          "attributes": {
            "arn": "arn:aws:iam::169684386827:role/spacelift",
            "assume_role_policy": "{\"Version\": \"2012-10-17\", \"Statement\": [{\"Effect\": \"Allow\", \"Principal\": {\"AWS\": \"arn:aws:iam::324880187172:root\"}, \"Action\": \"sts:AssumeRole\", \"Condition\": {\"StringEquals\": {\"sts:ExternalId\": \"posthog@01GWSVZ609S3170B4JY9R7WA6E@aws-accnt-dev@write\"}}}]}",
            "create_date": "2023-03-30T18:21:04Z",
            "description": "",
            "force_detach_policies": null,
            "id": "spacelift",
            "inline_policy": [],
            "managed_policy_arns": [
              "arn:aws:iam::aws:policy/AdministratorAccess"
            ],
            "max_session_duration": 3600,
            "name": "spacelift",
            "name_prefix": "",
            "path": "/",
            "permissions_boundary": null,
            "tags": {},
            "tags_all": {},
            "unique_id": "AROASPAP2IQFXKXZ3ZBSX"
          },
          "sensitive_attributes": []
        }
      ]
    },
    {
      "mode": "managed",
      "type": "aws_iam_role",
      "name": "stacksets_exec_a2fbe04951ccdbbedf46c50187226295",
      "provider": "provider[\"registry.terraform.io/hashicorp/aws\"]",
      "instances": [
        {
          "schema_version": 0,
          "attributes": {
            "arn": "arn:aws:iam::169684386827:role/stacksets-exec-a2fbe04951ccdbbedf46c50187226295",
            "assume_role_policy": "{\"Version\": \"2012-10-17\", \"Id\": \"stacksets-exec-a2fbe04951ccdbbedf46c50187226295-assume-role-policy\", \"Statement\": [{\"Sid\": \"1\", \"Effect\": \"Allow\", \"Principal\": {\"AWS\": \"arn:aws:iam::795637471508:role/aws-service-role/stacksets.cloudformation.amazonaws.com/AWSServiceRoleForCloudFormationStackSetsOrgAdmin\"}, \"Action\": \"sts:AssumeRole\"}]}",
            "create_date": "2023-03-24T14:53:14Z",
            "description": "Role created by AWSCloudFormation StackSets",
            "force_detach_policies": null,
            "id": "stacksets-exec-a2fbe04951ccdbbedf46c50187226295",
            "inline_policy": [],
            "managed_policy_arns": [
              "arn:aws:iam::aws:policy/AdministratorAccess"
            ],
            "max_session_duration": 3600,
            "name": "stacksets-exec-a2fbe04951ccdbbedf46c50187226295",
            "name_prefix": "stacksets-exec-a2fbe0",
            "path": "/",
            "permissions_boundary": null,
            "tags": {},
            "tags_all": {},
            "unique_id": "AROASPAP2IQFZQUST3CC6"
          },
          "sensitive_attributes": []
        }
      ]
    },
    {
      "mode": "managed",
      "type": "aws_iam_role",
      "name": "terraform_20221006010416860700000001",
      "provider": "provider[\"registry.terraform.io/hashicorp/aws\"]",
      "instances": [
        {
          "schema_version": 0,
          "attributes": {
            "arn": "arn:aws:iam::169684386827:role/terraform-20221006010416860700000001",
            "assume_role_policy": "{\"Version\": \"2012-10-17\", \"Statement\": [{\"Sid\": \"\", \"Effect\": \"Allow\", \"Principal\": {\"Service\": \"monitoring.rds.amazonaws.com\"}, \"Action\": \"sts:AssumeRole\"}]}",
            "create_date": "2022-10-06T01:04:16Z",
            "description": "",
            "force_detach_policies": null,
            "id": "terraform-20221006010416860700000001",
            "inline_policy": [],
            "managed_policy_arns": [
              "arn:aws:iam::aws:policy/service-role/AmazonRDSEnhancedMonitoringRole"
            ],
            "max_session_duration": 3600,
            "name": "terraform-20221006010416860700000001",
            "name_prefix": "terraform-",
            "path": "/",
            "permissions_boundary": null,
            "tags": {
              "Environment": "dev",
              "ManagedByTerraform": "true",
              "Region": "us-east-1"
            },
            "tags_all": {
              "Environment": "dev",
              "ManagedByTerraform": "true",
              "Region": "us-east-1"
            },
            "unique_id": "AROASPAP2IQFT543CMZSA"
          },
          "sensitive_attributes": []
        }
      ]
    },
    {
      "mode": "managed",
      "type": "aws_iam_role",
      "name": "terraform_20221006013829304700000001",
      "provider": "provider[\"registry.terraform.io/hashicorp/aws\"]",
      "instances": [
        {
          "schema_version": 0,
          "attributes": {
            "arn": "arn:aws:iam::169684386827:role/terraform-20221006013829304700000001",
            "assume_role_policy": "{\"Version\": \"2012-10-17\", \"Statement\": [{\"Sid\": \"\", \"Effect\": \"Allow\", \"Principal\": {\"Service\": \"monitoring.rds.amazonaws.com\"}, \"Action\": \"sts:AssumeRole\"}]}",
            "create_date": "2022-10-06T01:38:29Z",
            "description": "",
            "force_detach_policies": null,
            "id": "terraform-20221006013829304700000001",
            "inline_policy": [],
            "managed_policy_arns": [
              "arn:aws:iam::aws:policy/service-role/AmazonRDSEnhancedMonitoringRole"
            ],
            "max_session_duration": 3600,
            "name": "terraform-20221006013829304700000001",
            "name_prefix": "terraform-",
            "path": "/",
            "permissions_boundary": null,
            "tags": {
              "Environment": "dev",
              "ManagedByTerraform": "true",
              "Region": "us-east-1"
            },
            "tags_all": {
              "Environment": "dev",
              "ManagedByTerraform": "true",
              "Region": "us-east-1"
            },
            "unique_id": "AROASPAP2IQFZOTGVGDF7"
          },
          "sensitive_attributes": []
        }
      ]
    },
    {
      "mode": "managed",
      "type": "aws_iam_role",
      "name": "terraform_20221128125119272600000001",
      "provider": "provider[\"registry.terraform.io/hashicorp/aws\"]",
      "instances": [
        {
          "schema_version": 0,
          "attributes": {
            "arn": "arn:aws:iam::169684386827:role/terraform-20221128125119272600000001",
            "assume_role_policy": "{\"Version\": \"2012-10-17\", \"Statement\": [{\"Sid\": \"\", \"Effect\": \"Allow\", \"Principal\": {\"Service\": \"monitoring.rds.amazonaws.com\"}, \"Action\": \"sts:AssumeRole\"}]}",
            "create_date": "2022-11-28T12:51:19Z",
            "description": "",
            "force_detach_policies": null,
            "id": "terraform-20221128125119272600000001",
            "inline_policy": [],
            "managed_policy_arns": [
              "arn:aws:iam::aws:policy/service-role/AmazonRDSEnhancedMonitoringRole"
            ],
            "max_session_duration": 3600,
            "name": "terraform-20221128125119272600000001",
            "name_prefix": "terraform-",
            "path": "/",
            "permissions_boundary": null,
            "tags": {
              "Environment": "dev",
              "ManagedByTerraform": "true",
              "Region": "us-east-1"
            },
            "tags_all": {
              "Environment": "dev",
              "ManagedByTerraform": "true",
              "Region": "us-east-1"
            },
            "unique_id": "AROASPAP2IQFUKU2VA74G"
          },
          "sensitive_attributes": []
        }
      ]
    },
    {
      "mode": "managed",
      "type": "aws_iam_role",
      "name": "test_ch_pr_1377_clickhouse_ec2",
      "provider": "provider[\"registry.terraform.io/hashicorp/aws\"]",
      "instances": [
        {
          "schema_version": 0,
          "attributes": {
            "arn": "arn:aws:iam::169684386827:role/test_ch_pr_1377_clickhouse_ec2",
            "assume_role_policy": "{\"Version\": \"2012-10-17\", \"Statement\": [{\"Sid\": \"\", \"Effect\": \"Allow\", \"Principal\": {\"Service\": \"ec2.amazonaws.com\"}, \"Action\": \"sts:AssumeRole\"}]}",
            "create_date": "2023-04-03T11:54:34Z",
            "description": "Role for ClickHouse EC2 instances",
            "force_detach_policies": null,
            "id": "test_ch_pr_1377_clickhouse_ec2",
            "inline_policy": [],
            "managed_policy_arns": [
              "arn:aws:iam::169684386827:policy/test_ch_pr_1377_ch_get_tls_secrets",
              "arn:aws:iam::aws:policy/AmazonSSMManagedInstanceCore"
            ],
            "max_session_duration": 3600,
            "name": "test_ch_pr_1377_clickhouse_ec2",
            "name_prefix": "",
            "path": "/",
            "permissions_boundary": null,
            "tags": {
              "Environment": "dev",
              "ManagedByTerraform": "true"
            },
            "tags_all": {
              "Environment": "dev",
              "ManagedByTerraform": "true"
            },
            "unique_id": "AROASPAP2IQF437O4QLIJ"
          },
          "sensitive_attributes": []
        }
      ]
    },
    {
      "mode": "managed",
      "type": "aws_iam_role",
      "name": "test_ch_pr_1377_update_remote_servers_role",
      "provider": "provider[\"registry.terraform.io/hashicorp/aws\"]",
      "instances": [
        {
          "schema_version": 0,
          "attributes": {
            "arn": "arn:aws:iam::169684386827:role/test-ch-pr-1377-update_remote_servers_role",
            "assume_role_policy": "{\"Version\": \"2012-10-17\", \"Statement\": [{\"Sid\": \"\", \"Effect\": \"Allow\", \"Principal\": {\"Service\": \"lambda.amazonaws.com\"}, \"Action\": \"sts:AssumeRole\"}]}",
            "create_date": "2023-04-03T11:55:19Z",
            "description": "",
            "force_detach_policies": null,
            "id": "test-ch-pr-1377-update_remote_servers_role",
            "inline_policy": [
              {
                "name": "attach-to-network",
                "policy": "{\"Version\":\"2012-10-17\",\"Statement\":[{\"Action\":[\"ec2:DescribeNetworkInterfaces\",\"ec2:CreateNetworkInterface\",\"ec2:DeleteNetworkInterface\",\"ec2:DescribeInstances\",\"ec2:AttachNetworkInterface\"],\"Effect\":\"Allow\",\"Resource\":\"*\",\"Sid\":\"VpcOperations\"},{\"Action\":[\"ec2:DescribeInstances\"],\"Effect\":\"Allow\",\"Resource\":\"*\",\"Sid\":\"InstanceOperations\"},{\"Action\":[\"secretsmanager:GetSecretValue\"],\"Effect\":\"Allow\",\"Resource\":[\"arn:aws:secretsmanager:us-east-1:169684386827:secret:test-ch-pr-1377-internal_password-CUwVhu\"],\"Sid\":\"GetClickHousePassword\"}]}"
              }
            ],
            "managed_policy_arns": [],
            "max_session_duration": 3600,
            "name": "test-ch-pr-1377-update_remote_servers_role",
            "name_prefix": "",
            "path": "/",
            "permissions_boundary": null,
            "tags": {
              "Environment": "dev",
              "ManagedByTerraform": "true"
            },
            "tags_all": {
              "Environment": "dev",
              "ManagedByTerraform": "true"
            },
            "unique_id": "AROASPAP2IQFRXL2V6TDE"
          },
          "sensitive_attributes": []
        }
      ]
    },
    {
      "mode": "managed",
      "type": "aws_iam_role",
      "name": "test_ch_pr_170_update_remote_servers_role",
      "provider": "provider[\"registry.terraform.io/hashicorp/aws\"]",
      "instances": [
        {
          "schema_version": 0,
          "attributes": {
            "arn": "arn:aws:iam::169684386827:role/test-ch-pr-170-update_remote_servers_role",
            "assume_role_policy": "{\"Version\": \"2012-10-17\", \"Statement\": [{\"Sid\": \"\", \"Effect\": \"Allow\", \"Principal\": {\"Service\": \"lambda.amazonaws.com\"}, \"Action\": \"sts:AssumeRole\"}]}",
            "create_date": "2022-05-13T13:11:49Z",
            "description": "",
            "force_detach_policies": null,
            "id": "test-ch-pr-170-update_remote_servers_role",
            "inline_policy": [
              {
                "name": "attach-to-network",
                "policy": "{\"Version\":\"2012-10-17\",\"Statement\":[{\"Action\":[\"ec2:DescribeNetworkInterfaces\",\"ec2:CreateNetworkInterface\",\"ec2:DeleteNetworkInterface\",\"ec2:DescribeInstances\",\"ec2:AttachNetworkInterface\"],\"Effect\":\"Allow\",\"Resource\":\"*\",\"Sid\":\"VpcOperations\"},{\"Action\":[\"ec2:DescribeInstances\"],\"Effect\":\"Allow\",\"Resource\":\"*\",\"Sid\":\"InstanceOperations\"},{\"Action\":[\"secretsmanager:GetSecretValue\"],\"Effect\":\"Allow\",\"Resource\":[\"arn:aws:secretsmanager:us-east-1:169684386827:secret:test-ch-pr-170-internal_password-S0OdbQ\"],\"Sid\":\"GetClickHousePassword\"}]}"
              }
            ],
            "managed_policy_arns": [],
            "max_session_duration": 3600,
            "name": "test-ch-pr-170-update_remote_servers_role",
            "name_prefix": "",
            "path": "/",
            "permissions_boundary": null,
            "tags": {
              "Environment": "dev",
              "ManagedByTerraform": "true"
            },
            "tags_all": {
              "Environment": "dev",
              "ManagedByTerraform": "true"
            },
            "unique_id": "AROASPAP2IQFUFOAY5VF7"
          },
          "sensitive_attributes": []
        }
      ]
    },
    {
      "mode": "managed",
      "type": "aws_iam_role",
      "name": "test_ch_pr_218_clickhouse_ec2",
      "provider": "provider[\"registry.terraform.io/hashicorp/aws\"]",
      "instances": [
        {
          "schema_version": 0,
          "attributes": {
            "arn": "arn:aws:iam::169684386827:role/test_ch_pr_218_clickhouse_ec2",
            "assume_role_policy": "{\"Version\": \"2012-10-17\", \"Statement\": [{\"Sid\": \"\", \"Effect\": \"Allow\", \"Principal\": {\"Service\": \"ec2.amazonaws.com\"}, \"Action\": \"sts:AssumeRole\"}]}",
            "create_date": "2022-05-27T11:59:42Z",
            "description": "Role for ClickHouse EC2 instances",
            "force_detach_policies": null,
            "id": "test_ch_pr_218_clickhouse_ec2",
            "inline_policy": [],
            "managed_policy_arns": [
              "arn:aws:iam::169684386827:policy/test-ch-pr-218-get_kafka_mtls_secrets",
              "arn:aws:iam::169684386827:policy/test_ch_pr_218_ch_get_tls_secrets",
              "arn:aws:iam::aws:policy/AmazonSSMManagedInstanceCore"
            ],
            "max_session_duration": 3600,
            "name": "test_ch_pr_218_clickhouse_ec2",
            "name_prefix": "",
            "path": "/",
            "permissions_boundary": null,
            "tags": {
              "Environment": "dev",
              "ManagedByTerraform": "true"
            },
            "tags_all": {
              "Environment": "dev",
              "ManagedByTerraform": "true"
            },
            "unique_id": "AROASPAP2IQFXR2EJDEA5"
          },
          "sensitive_attributes": []
        }
      ]
    },
    {
      "mode": "managed",
      "type": "aws_iam_role",
      "name": "test_ch_pr_218_update_remote_servers_role",
      "provider": "provider[\"registry.terraform.io/hashicorp/aws\"]",
      "instances": [
        {
          "schema_version": 0,
          "attributes": {
            "arn": "arn:aws:iam::169684386827:role/test-ch-pr-218-update_remote_servers_role",
            "assume_role_policy": "{\"Version\": \"2012-10-17\", \"Statement\": [{\"Sid\": \"\", \"Effect\": \"Allow\", \"Principal\": {\"Service\": \"lambda.amazonaws.com\"}, \"Action\": \"sts:AssumeRole\"}]}",
            "create_date": "2022-05-27T12:03:28Z",
            "description": "",
            "force_detach_policies": null,
            "id": "test-ch-pr-218-update_remote_servers_role",
            "inline_policy": [
              {
                "name": "attach-to-network",
                "policy": "{\"Version\":\"2012-10-17\",\"Statement\":[{\"Action\":[\"ec2:DescribeNetworkInterfaces\",\"ec2:CreateNetworkInterface\",\"ec2:DeleteNetworkInterface\",\"ec2:DescribeInstances\",\"ec2:AttachNetworkInterface\"],\"Effect\":\"Allow\",\"Resource\":\"*\",\"Sid\":\"VpcOperations\"},{\"Action\":[\"ec2:DescribeInstances\"],\"Effect\":\"Allow\",\"Resource\":\"*\",\"Sid\":\"InstanceOperations\"},{\"Action\":[\"secretsmanager:GetSecretValue\"],\"Effect\":\"Allow\",\"Resource\":[\"arn:aws:secretsmanager:us-east-1:169684386827:secret:test-ch-pr-218-internal_password-wKTrNN\"],\"Sid\":\"GetClickHousePassword\"}]}"
              }
            ],
            "managed_policy_arns": [],
            "max_session_duration": 3600,
            "name": "test-ch-pr-218-update_remote_servers_role",
            "name_prefix": "",
            "path": "/",
            "permissions_boundary": null,
            "tags": {
              "Environment": "dev",
              "ManagedByTerraform": "true"
            },
            "tags_all": {
              "Environment": "dev",
              "ManagedByTerraform": "true"
            },
            "unique_id": "AROASPAP2IQF63S5NDKXA"
          },
          "sensitive_attributes": []
        }
      ]
    },
    {
      "mode": "managed",
      "type": "aws_iam_role",
      "name": "test_ch_pr_229_clickhouse_ec2",
      "provider": "provider[\"registry.terraform.io/hashicorp/aws\"]",
      "instances": [
        {
          "schema_version": 0,
          "attributes": {
            "arn": "arn:aws:iam::169684386827:role/test_ch_pr_229_clickhouse_ec2",
            "assume_role_policy": "{\"Version\": \"2012-10-17\", \"Statement\": [{\"Sid\": \"\", \"Effect\": \"Allow\", \"Principal\": {\"Service\": \"ec2.amazonaws.com\"}, \"Action\": \"sts:AssumeRole\"}]}",
            "create_date": "2022-05-31T08:59:56Z",
            "description": "Role for ClickHouse EC2 instances",
            "force_detach_policies": null,
            "id": "test_ch_pr_229_clickhouse_ec2",
            "inline_policy": [],
            "managed_policy_arns": [
              "arn:aws:iam::169684386827:policy/test-ch-pr-229-get_kafka_mtls_secrets",
              "arn:aws:iam::169684386827:policy/test_ch_pr_229_ch_get_tls_secrets",
              "arn:aws:iam::aws:policy/AmazonSSMManagedInstanceCore"
            ],
            "max_session_duration": 3600,
            "name": "test_ch_pr_229_clickhouse_ec2",
            "name_prefix": "",
            "path": "/",
            "permissions_boundary": null,
            "tags": {
              "Environment": "dev",
              "ManagedByTerraform": "true"
            },
            "tags_all": {
              "Environment": "dev",
              "ManagedByTerraform": "true"
            },
            "unique_id": "AROASPAP2IQFRLYGNUYCC"
          },
          "sensitive_attributes": []
        }
      ]
    },
    {
      "mode": "managed",
      "type": "aws_iam_role",
      "name": "test_ch_pr_229_update_remote_servers_role",
      "provider": "provider[\"registry.terraform.io/hashicorp/aws\"]",
      "instances": [
        {
          "schema_version": 0,
          "attributes": {
            "arn": "arn:aws:iam::169684386827:role/test-ch-pr-229-update_remote_servers_role",
            "assume_role_policy": "{\"Version\": \"2012-10-17\", \"Statement\": [{\"Sid\": \"\", \"Effect\": \"Allow\", \"Principal\": {\"Service\": \"lambda.amazonaws.com\"}, \"Action\": \"sts:AssumeRole\"}]}",
            "create_date": "2022-05-31T09:01:12Z",
            "description": "",
            "force_detach_policies": null,
            "id": "test-ch-pr-229-update_remote_servers_role",
            "inline_policy": [
              {
                "name": "attach-to-network",
                "policy": "{\"Version\":\"2012-10-17\",\"Statement\":[{\"Action\":[\"ec2:DescribeNetworkInterfaces\",\"ec2:CreateNetworkInterface\",\"ec2:DeleteNetworkInterface\",\"ec2:DescribeInstances\",\"ec2:AttachNetworkInterface\"],\"Effect\":\"Allow\",\"Resource\":\"*\",\"Sid\":\"VpcOperations\"},{\"Action\":[\"ec2:DescribeInstances\"],\"Effect\":\"Allow\",\"Resource\":\"*\",\"Sid\":\"InstanceOperations\"},{\"Action\":[\"secretsmanager:GetSecretValue\"],\"Effect\":\"Allow\",\"Resource\":[\"arn:aws:secretsmanager:us-east-1:169684386827:secret:test-ch-pr-229-internal_password-omgAsy\"],\"Sid\":\"GetClickHousePassword\"}]}"
              }
            ],
            "managed_policy_arns": [],
            "max_session_duration": 3600,
            "name": "test-ch-pr-229-update_remote_servers_role",
            "name_prefix": "",
            "path": "/",
            "permissions_boundary": null,
            "tags": {
              "Environment": "dev",
              "ManagedByTerraform": "true"
            },
            "tags_all": {
              "Environment": "dev",
              "ManagedByTerraform": "true"
            },
            "unique_id": "AROASPAP2IQFQFRGQYKMU"
          },
          "sensitive_attributes": []
        }
      ]
    },
    {
      "mode": "managed",
      "type": "aws_iam_role",
      "name": "test_ch_pr_230_clickhouse_ec2",
      "provider": "provider[\"registry.terraform.io/hashicorp/aws\"]",
      "instances": [
        {
          "schema_version": 0,
          "attributes": {
            "arn": "arn:aws:iam::169684386827:role/test_ch_pr_230_clickhouse_ec2",
            "assume_role_policy": "{\"Version\": \"2012-10-17\", \"Statement\": [{\"Sid\": \"\", \"Effect\": \"Allow\", \"Principal\": {\"Service\": \"ec2.amazonaws.com\"}, \"Action\": \"sts:AssumeRole\"}]}",
            "create_date": "2022-05-31T09:06:43Z",
            "description": "Role for ClickHouse EC2 instances",
            "force_detach_policies": null,
            "id": "test_ch_pr_230_clickhouse_ec2",
            "inline_policy": [],
            "managed_policy_arns": [
              "arn:aws:iam::169684386827:policy/test-ch-pr-230-get_kafka_mtls_secrets",
              "arn:aws:iam::169684386827:policy/test_ch_pr_230_ch_get_tls_secrets",
              "arn:aws:iam::aws:policy/AmazonSSMManagedInstanceCore"
            ],
            "max_session_duration": 3600,
            "name": "test_ch_pr_230_clickhouse_ec2",
            "name_prefix": "",
            "path": "/",
            "permissions_boundary": null,
            "tags": {
              "Environment": "dev",
              "ManagedByTerraform": "true"
            },
            "tags_all": {
              "Environment": "dev",
              "ManagedByTerraform": "true"
            },
            "unique_id": "AROASPAP2IQFXEH4AHD4S"
          },
          "sensitive_attributes": []
        }
      ]
    },
    {
      "mode": "managed",
      "type": "aws_iam_role",
      "name": "test_ch_pr_230_update_remote_servers_role",
      "provider": "provider[\"registry.terraform.io/hashicorp/aws\"]",
      "instances": [
        {
          "schema_version": 0,
          "attributes": {
            "arn": "arn:aws:iam::169684386827:role/test-ch-pr-230-update_remote_servers_role",
            "assume_role_policy": "{\"Version\": \"2012-10-17\", \"Statement\": [{\"Sid\": \"\", \"Effect\": \"Allow\", \"Principal\": {\"Service\": \"lambda.amazonaws.com\"}, \"Action\": \"sts:AssumeRole\"}]}",
            "create_date": "2022-05-31T09:08:14Z",
            "description": "",
            "force_detach_policies": null,
            "id": "test-ch-pr-230-update_remote_servers_role",
            "inline_policy": [
              {
                "name": "attach-to-network",
                "policy": "{\"Version\":\"2012-10-17\",\"Statement\":[{\"Action\":[\"ec2:DescribeNetworkInterfaces\",\"ec2:CreateNetworkInterface\",\"ec2:DeleteNetworkInterface\",\"ec2:DescribeInstances\",\"ec2:AttachNetworkInterface\"],\"Effect\":\"Allow\",\"Resource\":\"*\",\"Sid\":\"VpcOperations\"},{\"Action\":[\"ec2:DescribeInstances\"],\"Effect\":\"Allow\",\"Resource\":\"*\",\"Sid\":\"InstanceOperations\"},{\"Action\":[\"secretsmanager:GetSecretValue\"],\"Effect\":\"Allow\",\"Resource\":[\"arn:aws:secretsmanager:us-east-1:169684386827:secret:test-ch-pr-230-internal_password-9mmmUu\"],\"Sid\":\"GetClickHousePassword\"}]}"
              }
            ],
            "managed_policy_arns": [],
            "max_session_duration": 3600,
            "name": "test-ch-pr-230-update_remote_servers_role",
            "name_prefix": "",
            "path": "/",
            "permissions_boundary": null,
            "tags": {
              "Environment": "dev",
              "ManagedByTerraform": "true"
            },
            "tags_all": {
              "Environment": "dev",
              "ManagedByTerraform": "true"
            },
            "unique_id": "AROASPAP2IQFVJI7LLU5L"
          },
          "sensitive_attributes": []
        }
      ]
    },
    {
      "mode": "managed",
      "type": "aws_iam_role",
      "name": "test_ch_pr_485_clickhouse_ec2",
      "provider": "provider[\"registry.terraform.io/hashicorp/aws\"]",
      "instances": [
        {
          "schema_version": 0,
          "attributes": {
            "arn": "arn:aws:iam::169684386827:role/test_ch_pr_485_clickhouse_ec2",
            "assume_role_policy": "{\"Version\": \"2012-10-17\", \"Statement\": [{\"Sid\": \"\", \"Effect\": \"Allow\", \"Principal\": {\"Service\": \"ec2.amazonaws.com\"}, \"Action\": \"sts:AssumeRole\"}]}",
            "create_date": "2022-08-24T14:13:08Z",
            "description": "Role for ClickHouse EC2 instances",
            "force_detach_policies": null,
            "id": "test_ch_pr_485_clickhouse_ec2",
            "inline_policy": [],
            "managed_policy_arns": [
              "arn:aws:iam::169684386827:policy/test-ch-pr-485-get_kafka_mtls_secrets",
              "arn:aws:iam::169684386827:policy/test_ch_pr_485_ch_get_tls_secrets",
              "arn:aws:iam::aws:policy/AmazonSSMManagedInstanceCore"
            ],
            "max_session_duration": 3600,
            "name": "test_ch_pr_485_clickhouse_ec2",
            "name_prefix": "",
            "path": "/",
            "permissions_boundary": null,
            "tags": {
              "Environment": "dev",
              "ManagedByTerraform": "true"
            },
            "tags_all": {
              "Environment": "dev",
              "ManagedByTerraform": "true"
            },
            "unique_id": "AROASPAP2IQFWDQEVNJHG"
          },
          "sensitive_attributes": []
        }
      ]
    },
    {
      "mode": "managed",
      "type": "aws_iam_role",
      "name": "test_ch_pr_485_update_remote_servers_role",
      "provider": "provider[\"registry.terraform.io/hashicorp/aws\"]",
      "instances": [
        {
          "schema_version": 0,
          "attributes": {
            "arn": "arn:aws:iam::169684386827:role/test-ch-pr-485-update_remote_servers_role",
            "assume_role_policy": "{\"Version\": \"2012-10-17\", \"Statement\": [{\"Sid\": \"\", \"Effect\": \"Allow\", \"Principal\": {\"Service\": \"lambda.amazonaws.com\"}, \"Action\": \"sts:AssumeRole\"}]}",
            "create_date": "2022-08-24T14:14:18Z",
            "description": "",
            "force_detach_policies": null,
            "id": "test-ch-pr-485-update_remote_servers_role",
            "inline_policy": [
              {
                "name": "attach-to-network",
                "policy": "{\"Version\":\"2012-10-17\",\"Statement\":[{\"Action\":[\"ec2:DescribeNetworkInterfaces\",\"ec2:CreateNetworkInterface\",\"ec2:DeleteNetworkInterface\",\"ec2:DescribeInstances\",\"ec2:AttachNetworkInterface\"],\"Effect\":\"Allow\",\"Resource\":\"*\",\"Sid\":\"VpcOperations\"},{\"Action\":[\"ec2:DescribeInstances\"],\"Effect\":\"Allow\",\"Resource\":\"*\",\"Sid\":\"InstanceOperations\"},{\"Action\":[\"secretsmanager:GetSecretValue\"],\"Effect\":\"Allow\",\"Resource\":[\"arn:aws:secretsmanager:us-east-1:169684386827:secret:test-ch-pr-485-internal_password-d0CtpA\"],\"Sid\":\"GetClickHousePassword\"}]}"
              }
            ],
            "managed_policy_arns": [],
            "max_session_duration": 3600,
            "name": "test-ch-pr-485-update_remote_servers_role",
            "name_prefix": "",
            "path": "/",
            "permissions_boundary": null,
            "tags": {
              "Environment": "dev",
              "ManagedByTerraform": "true"
            },
            "tags_all": {
              "Environment": "dev",
              "ManagedByTerraform": "true"
            },
            "unique_id": "AROASPAP2IQFTOZSC7WYC"
          },
          "sensitive_attributes": []
        }
      ]
    },
    {
      "mode": "managed",
      "type": "aws_iam_role",
      "name": "test_eks_pr_1337_posthog_dev_aws_load_balancer_controller",
      "provider": "provider[\"registry.terraform.io/hashicorp/aws\"]",
      "instances": [
        {
          "schema_version": 0,
          "attributes": {
            "arn": "arn:aws:iam::169684386827:role/test-eks-pr-1337-posthog-dev-aws-load-balancer-controller",
            "assume_role_policy": "{\"Version\": \"2012-10-17\", \"Statement\": [{\"Effect\": \"Allow\", \"Principal\": {\"Federated\": \"arn:aws:iam::169684386827:oidc-provider/oidc.eks.us-east-1.amazonaws.com/id/7CF400FB19749D88A8408CF610027FE9\"}, \"Action\": \"sts:AssumeRoleWithWebIdentity\", \"Condition\": {\"StringEquals\": {\"oidc.eks.us-east-1.amazonaws.com/id/7CF400FB19749D88A8408CF610027FE9:sub\": \"system:serviceaccount:kube-system:aws-load-balancer-controller\"}}}]}",
            "create_date": "2023-03-17T17:06:35Z",
            "description": "",
            "force_detach_policies": null,
            "id": "test-eks-pr-1337-posthog-dev-aws-load-balancer-controller",
            "inline_policy": [],
            "managed_policy_arns": [
              "arn:aws:iam::169684386827:policy/service/test-eks-pr-1337-posthog-dev/test-eks-pr-1337-posthog-dev-AWSLoadBalancerControllerGlobalIAMPolicy"
            ],
            "max_session_duration": 3600,
            "name": "test-eks-pr-1337-posthog-dev-aws-load-balancer-controller",
            "name_prefix": "",
            "path": "/",
            "permissions_boundary": null,
            "tags": {
              "Environment": "dev",
              "ManagedByTerraform": "true"
            },
            "tags_all": {
              "Environment": "dev",
              "ManagedByTerraform": "true"
            },
            "unique_id": "AROASPAP2IQF3FU2TLONU"
          },
          "sensitive_attributes": []
        }
      ]
    },
    {
      "mode": "managed",
      "type": "aws_iam_role",
      "name": "test_eks_pr_1337_posthog_dev_cluster_20230317165241239800000002",
      "provider": "provider[\"registry.terraform.io/hashicorp/aws\"]",
      "instances": [
        {
          "schema_version": 0,
          "attributes": {
            "arn": "arn:aws:iam::169684386827:role/test-eks-pr-1337-posthog-dev-cluster-20230317165241239800000002",
            "assume_role_policy": "{\"Version\": \"2012-10-17\", \"Statement\": [{\"Sid\": \"EKSClusterAssumeRole\", \"Effect\": \"Allow\", \"Principal\": {\"Service\": \"eks.amazonaws.com\"}, \"Action\": \"sts:AssumeRole\"}]}",
            "create_date": "2023-03-17T16:52:41Z",
            "description": "",
            "force_detach_policies": null,
            "id": "test-eks-pr-1337-posthog-dev-cluster-20230317165241239800000002",
            "inline_policy": [],
            "managed_policy_arns": [
              "arn:aws:iam::aws:policy/AmazonEKSClusterPolicy",
              "arn:aws:iam::aws:policy/AmazonEKSVPCResourceController"
            ],
            "max_session_duration": 3600,
            "name": "test-eks-pr-1337-posthog-dev-cluster-20230317165241239800000002",
            "name_prefix": "test-eks-pr-1337-posthog-dev-cluster-",
            "path": "/",
            "permissions_boundary": null,
            "tags": {
              "Environment": "dev",
              "ManagedByTerraform": "true"
            },
            "tags_all": {
              "Environment": "dev",
              "ManagedByTerraform": "true"
            },
            "unique_id": "AROASPAP2IQFZY3BVEV2C"
          },
          "sensitive_attributes": []
        }
      ]
    },
    {
      "mode": "managed",
      "type": "aws_iam_role",
      "name": "test_eks_pr_1337_posthog_dev_cluster_autoscaler",
      "provider": "provider[\"registry.terraform.io/hashicorp/aws\"]",
      "instances": [
        {
          "schema_version": 0,
          "attributes": {
            "arn": "arn:aws:iam::169684386827:role/test-eks-pr-1337-posthog-dev-cluster-autoscaler",
            "assume_role_policy": "{\"Version\": \"2012-10-17\", \"Statement\": [{\"Effect\": \"Allow\", \"Principal\": {\"Federated\": \"arn:aws:iam::169684386827:oidc-provider/oidc.eks.us-east-1.amazonaws.com/id/7CF400FB19749D88A8408CF610027FE9\"}, \"Action\": \"sts:AssumeRoleWithWebIdentity\", \"Condition\": {\"StringEquals\": {\"oidc.eks.us-east-1.amazonaws.com/id/7CF400FB19749D88A8408CF610027FE9:sub\": \"system:serviceaccount:kube-system:cluster-autoscaler\"}}}]}",
            "create_date": "2023-03-17T17:06:34Z",
            "description": "",
            "force_detach_policies": null,
            "id": "test-eks-pr-1337-posthog-dev-cluster-autoscaler",
            "inline_policy": [],
            "managed_policy_arns": [
              "arn:aws:iam::169684386827:policy/test-eks-pr-1337-posthog-dev-worker-autoscaling20230317170455001400000032"
            ],
            "max_session_duration": 3600,
            "name": "test-eks-pr-1337-posthog-dev-cluster-autoscaler",
            "name_prefix": "",
            "path": "/",
            "permissions_boundary": null,
            "tags": {
              "Environment": "dev",
              "ManagedByTerraform": "true"
            },
            "tags_all": {
              "Environment": "dev",
              "ManagedByTerraform": "true"
            },
            "unique_id": "AROASPAP2IQFUK2T3UPSF"
          },
          "sensitive_attributes": []
        }
      ]
    },
    {
      "mode": "managed",
      "type": "aws_iam_role",
      "name": "test_eks_pr_1337_posthog_dev_ebs_csi_driver",
      "provider": "provider[\"registry.terraform.io/hashicorp/aws\"]",
      "instances": [
        {
          "schema_version": 0,
          "attributes": {
            "arn": "arn:aws:iam::169684386827:role/test-eks-pr-1337-posthog-dev-ebs-csi-driver",
            "assume_role_policy": "{\"Version\": \"2012-10-17\", \"Statement\": [{\"Effect\": \"Allow\", \"Principal\": {\"Federated\": \"arn:aws:iam::169684386827:oidc-provider/oidc.eks.us-east-1.amazonaws.com/id/7CF400FB19749D88A8408CF610027FE9\"}, \"Action\": \"sts:AssumeRoleWithWebIdentity\", \"Condition\": {\"StringEquals\": {\"oidc.eks.us-east-1.amazonaws.com/id/7CF400FB19749D88A8408CF610027FE9:sub\": \"system:serviceaccount:kube-system:ebs-csi-controller-sa\", \"oidc.eks.us-east-1.amazonaws.com/id/7CF400FB19749D88A8408CF610027FE9:aud\": \"sts.amazonaws.com\"}}}]}",
            "create_date": "2023-03-17T17:06:35Z",
            "description": "",
            "force_detach_policies": null,
            "id": "test-eks-pr-1337-posthog-dev-ebs-csi-driver",
            "inline_policy": [],
            "managed_policy_arns": [
              "arn:aws:iam::169684386827:policy/test-eks-pr-1337-posthog-dev-ebs-csi-driver20230317170454445900000024",
              "arn:aws:iam::aws:policy/service-role/AmazonEBSCSIDriverPolicy"
            ],
            "max_session_duration": 3600,
            "name": "test-eks-pr-1337-posthog-dev-ebs-csi-driver",
            "name_prefix": "",
            "path": "/",
            "permissions_boundary": null,
            "tags": {
              "Environment": "dev",
              "ManagedByTerraform": "true"
            },
            "tags_all": {
              "Environment": "dev",
              "ManagedByTerraform": "true"
            },
            "unique_id": "AROASPAP2IQFZXX542K25"
          },
          "sensitive_attributes": []
        }
      ]
    },
    {
      "mode": "managed",
      "type": "aws_iam_role",
      "name": "test_eks_pr_1337_posthog_dev_external_dns",
      "provider": "provider[\"registry.terraform.io/hashicorp/aws\"]",
      "instances": [
        {
          "schema_version": 0,
          "attributes": {
            "arn": "arn:aws:iam::169684386827:role/test-eks-pr-1337-posthog-dev-external-dns",
            "assume_role_policy": "{\"Version\": \"2012-10-17\", \"Statement\": [{\"Effect\": \"Allow\", \"Principal\": {\"Federated\": \"arn:aws:iam::169684386827:oidc-provider/oidc.eks.us-east-1.amazonaws.com/id/7CF400FB19749D88A8408CF610027FE9\"}, \"Action\": \"sts:AssumeRoleWithWebIdentity\", \"Condition\": {\"StringEquals\": {\"oidc.eks.us-east-1.amazonaws.com/id/7CF400FB19749D88A8408CF610027FE9:sub\": \"system:serviceaccount:kube-system:external-dns\"}}}]}",
            "create_date": "2023-03-17T17:06:36Z",
            "description": "",
            "force_detach_policies": null,
            "id": "test-eks-pr-1337-posthog-dev-external-dns",
            "inline_policy": [],
            "managed_policy_arns": [
              "arn:aws:iam::169684386827:policy/test-eks-pr-1337-posthog-dev-external-dns20230317170454980500000031"
            ],
            "max_session_duration": 3600,
            "name": "test-eks-pr-1337-posthog-dev-external-dns",
            "name_prefix": "",
            "path": "/",
            "permissions_boundary": null,
            "tags": {
              "Environment": "dev",
              "ManagedByTerraform": "true"
            },
            "tags_all": {
              "Environment": "dev",
              "ManagedByTerraform": "true"
            },
            "unique_id": "AROASPAP2IQF4WQ5QASJF"
          },
          "sensitive_attributes": []
        }
      ]
    },
    {
      "mode": "managed",
      "type": "aws_iam_role",
      "name": "test_eks_pr_1376_posthog_dev_aws_load_balancer_controller",
      "provider": "provider[\"registry.terraform.io/hashicorp/aws\"]",
      "instances": [
        {
          "schema_version": 0,
          "attributes": {
            "arn": "arn:aws:iam::169684386827:role/test-eks-pr-1376-posthog-dev-aws-load-balancer-controller",
            "assume_role_policy": "{\"Version\": \"2012-10-17\", \"Statement\": [{\"Effect\": \"Allow\", \"Principal\": {\"Federated\": \"arn:aws:iam::169684386827:oidc-provider/oidc.eks.us-east-1.amazonaws.com/id/7CA6B5E783111BB20A7F250A61D53AFE\"}, \"Action\": \"sts:AssumeRoleWithWebIdentity\", \"Condition\": {\"StringEquals\": {\"oidc.eks.us-east-1.amazonaws.com/id/7CA6B5E783111BB20A7F250A61D53AFE:sub\": \"system:serviceaccount:kube-system:aws-load-balancer-controller\"}}}]}",
            "create_date": "2023-03-24T10:53:14Z",
            "description": "",
            "force_detach_policies": null,
            "id": "test-eks-pr-1376-posthog-dev-aws-load-balancer-controller",
            "inline_policy": [],
            "managed_policy_arns": [
              "arn:aws:iam::169684386827:policy/service/test-eks-pr-1376-posthog-dev/test-eks-pr-1376-posthog-dev-AWSLoadBalancerControllerGlobalIAMPolicy"
            ],
            "max_session_duration": 3600,
            "name": "test-eks-pr-1376-posthog-dev-aws-load-balancer-controller",
            "name_prefix": "",
            "path": "/",
            "permissions_boundary": null,
            "tags": {
              "Environment": "dev",
              "ManagedByTerraform": "true"
            },
            "tags_all": {
              "Environment": "dev",
              "ManagedByTerraform": "true"
            },
            "unique_id": "AROASPAP2IQF44I4QVCAI"
          },
          "sensitive_attributes": []
        }
      ]
    },
    {
      "mode": "managed",
      "type": "aws_iam_role",
      "name": "test_eks_pr_1376_posthog_dev_cluster_20230324104144267900000002",
      "provider": "provider[\"registry.terraform.io/hashicorp/aws\"]",
      "instances": [
        {
          "schema_version": 0,
          "attributes": {
            "arn": "arn:aws:iam::169684386827:role/test-eks-pr-1376-posthog-dev-cluster-20230324104144267900000002",
            "assume_role_policy": "{\"Version\": \"2012-10-17\", \"Statement\": [{\"Sid\": \"EKSClusterAssumeRole\", \"Effect\": \"Allow\", \"Principal\": {\"Service\": \"eks.amazonaws.com\"}, \"Action\": \"sts:AssumeRole\"}]}",
            "create_date": "2023-03-24T10:41:44Z",
            "description": "",
            "force_detach_policies": null,
            "id": "test-eks-pr-1376-posthog-dev-cluster-20230324104144267900000002",
            "inline_policy": [],
            "managed_policy_arns": [
              "arn:aws:iam::aws:policy/AmazonEKSClusterPolicy",
              "arn:aws:iam::aws:policy/AmazonEKSVPCResourceController"
            ],
            "max_session_duration": 3600,
            "name": "test-eks-pr-1376-posthog-dev-cluster-20230324104144267900000002",
            "name_prefix": "test-eks-pr-1376-posthog-dev-cluster-",
            "path": "/",
            "permissions_boundary": null,
            "tags": {
              "Environment": "dev",
              "ManagedByTerraform": "true"
            },
            "tags_all": {
              "Environment": "dev",
              "ManagedByTerraform": "true"
            },
            "unique_id": "AROASPAP2IQF46TAQUC7F"
          },
          "sensitive_attributes": []
        }
      ]
    },
    {
      "mode": "managed",
      "type": "aws_iam_role",
      "name": "test_eks_pr_1376_posthog_dev_cluster_autoscaler",
      "provider": "provider[\"registry.terraform.io/hashicorp/aws\"]",
      "instances": [
        {
          "schema_version": 0,
          "attributes": {
            "arn": "arn:aws:iam::169684386827:role/test-eks-pr-1376-posthog-dev-cluster-autoscaler",
            "assume_role_policy": "{\"Version\": \"2012-10-17\", \"Statement\": [{\"Effect\": \"Allow\", \"Principal\": {\"Federated\": \"arn:aws:iam::169684386827:oidc-provider/oidc.eks.us-east-1.amazonaws.com/id/7CA6B5E783111BB20A7F250A61D53AFE\"}, \"Action\": \"sts:AssumeRoleWithWebIdentity\", \"Condition\": {\"StringEquals\": {\"oidc.eks.us-east-1.amazonaws.com/id/7CA6B5E783111BB20A7F250A61D53AFE:sub\": \"system:serviceaccount:kube-system:cluster-autoscaler\"}}}]}",
            "create_date": "2023-03-24T10:53:14Z",
            "description": "",
            "force_detach_policies": null,
            "id": "test-eks-pr-1376-posthog-dev-cluster-autoscaler",
            "inline_policy": [],
            "managed_policy_arns": [
              "arn:aws:iam::169684386827:policy/test-eks-pr-1376-posthog-dev-worker-autoscaling2023032410531417930000003a"
            ],
            "max_session_duration": 3600,
            "name": "test-eks-pr-1376-posthog-dev-cluster-autoscaler",
            "name_prefix": "",
            "path": "/",
            "permissions_boundary": null,
            "tags": {
              "Environment": "dev",
              "ManagedByTerraform": "true"
            },
            "tags_all": {
              "Environment": "dev",
              "ManagedByTerraform": "true"
            },
            "unique_id": "AROASPAP2IQFW5MIGGQDE"
          },
          "sensitive_attributes": []
        }
      ]
    },
    {
      "mode": "managed",
      "type": "aws_iam_role",
      "name": "test_eks_pr_1376_posthog_dev_ebs_csi_driver",
      "provider": "provider[\"registry.terraform.io/hashicorp/aws\"]",
      "instances": [
        {
          "schema_version": 0,
          "attributes": {
            "arn": "arn:aws:iam::169684386827:role/test-eks-pr-1376-posthog-dev-ebs-csi-driver",
            "assume_role_policy": "{\"Version\": \"2012-10-17\", \"Statement\": [{\"Effect\": \"Allow\", \"Principal\": {\"Federated\": \"arn:aws:iam::169684386827:oidc-provider/oidc.eks.us-east-1.amazonaws.com/id/7CA6B5E783111BB20A7F250A61D53AFE\"}, \"Action\": \"sts:AssumeRoleWithWebIdentity\", \"Condition\": {\"StringEquals\": {\"oidc.eks.us-east-1.amazonaws.com/id/7CA6B5E783111BB20A7F250A61D53AFE:aud\": \"sts.amazonaws.com\", \"oidc.eks.us-east-1.amazonaws.com/id/7CA6B5E783111BB20A7F250A61D53AFE:sub\": \"system:serviceaccount:kube-system:ebs-csi-controller-sa\"}}}]}",
            "create_date": "2023-03-24T10:53:14Z",
            "description": "",
            "force_detach_policies": null,
            "id": "test-eks-pr-1376-posthog-dev-ebs-csi-driver",
            "inline_policy": [],
            "managed_policy_arns": [
              "arn:aws:iam::169684386827:policy/test-eks-pr-1376-posthog-dev-ebs-csi-driver2023032410531351490000002a",
              "arn:aws:iam::aws:policy/service-role/AmazonEBSCSIDriverPolicy"
            ],
            "max_session_duration": 3600,
            "name": "test-eks-pr-1376-posthog-dev-ebs-csi-driver",
            "name_prefix": "",
            "path": "/",
            "permissions_boundary": null,
            "tags": {
              "Environment": "dev",
              "ManagedByTerraform": "true"
            },
            "tags_all": {
              "Environment": "dev",
              "ManagedByTerraform": "true"
            },
            "unique_id": "AROASPAP2IQFRCQCYBDSU"
          },
          "sensitive_attributes": []
        }
      ]
    },
    {
      "mode": "managed",
      "type": "aws_iam_role",
      "name": "test_eks_pr_1376_posthog_dev_external_dns",
      "provider": "provider[\"registry.terraform.io/hashicorp/aws\"]",
      "instances": [
        {
          "schema_version": 0,
          "attributes": {
            "arn": "arn:aws:iam::169684386827:role/test-eks-pr-1376-posthog-dev-external-dns",
            "assume_role_policy": "{\"Version\": \"2012-10-17\", \"Statement\": [{\"Effect\": \"Allow\", \"Principal\": {\"Federated\": \"arn:aws:iam::169684386827:oidc-provider/oidc.eks.us-east-1.amazonaws.com/id/7CA6B5E783111BB20A7F250A61D53AFE\"}, \"Action\": \"sts:AssumeRoleWithWebIdentity\", \"Condition\": {\"StringEquals\": {\"oidc.eks.us-east-1.amazonaws.com/id/7CA6B5E783111BB20A7F250A61D53AFE:sub\": \"system:serviceaccount:kube-system:external-dns\"}}}]}",
            "create_date": "2023-03-24T10:53:14Z",
            "description": "",
            "force_detach_policies": null,
            "id": "test-eks-pr-1376-posthog-dev-external-dns",
            "inline_policy": [],
            "managed_policy_arns": [
              "arn:aws:iam::169684386827:policy/test-eks-pr-1376-posthog-dev-external-dns20230324105313831500000039"
            ],
            "max_session_duration": 3600,
            "name": "test-eks-pr-1376-posthog-dev-external-dns",
            "name_prefix": "",
            "path": "/",
            "permissions_boundary": null,
            "tags": {
              "Environment": "dev",
              "ManagedByTerraform": "true"
            },
            "tags_all": {
              "Environment": "dev",
              "ManagedByTerraform": "true"
            },
            "unique_id": "AROASPAP2IQF2HFQ4E6U3"
          },
          "sensitive_attributes": []
        }
      ]
    },
    {
      "mode": "managed",
      "type": "aws_iam_role",
      "name": "test_eks_pr_1377_posthog_dev_aws_load_balancer_controller",
      "provider": "provider[\"registry.terraform.io/hashicorp/aws\"]",
      "instances": [
        {
          "schema_version": 0,
          "attributes": {
            "arn": "arn:aws:iam::169684386827:role/test-eks-pr-1377-posthog-dev-aws-load-balancer-controller",
            "assume_role_policy": "{\"Version\": \"2012-10-17\", \"Statement\": [{\"Effect\": \"Allow\", \"Principal\": {\"Federated\": \"arn:aws:iam::169684386827:oidc-provider/oidc.eks.us-east-1.amazonaws.com/id/7A4C903B3A7D6AAEB3ED9EC430637E6A\"}, \"Action\": \"sts:AssumeRoleWithWebIdentity\", \"Condition\": {\"StringEquals\": {\"oidc.eks.us-east-1.amazonaws.com/id/7A4C903B3A7D6AAEB3ED9EC430637E6A:sub\": \"system:serviceaccount:kube-system:aws-load-balancer-controller\"}}}]}",
            "create_date": "2023-04-03T12:06:24Z",
            "description": "",
            "force_detach_policies": null,
            "id": "test-eks-pr-1377-posthog-dev-aws-load-balancer-controller",
            "inline_policy": [],
            "managed_policy_arns": [
              "arn:aws:iam::169684386827:policy/service/test-eks-pr-1377-posthog-dev/test-eks-pr-1377-posthog-dev-AWSLoadBalancerControllerGlobalIAMPolicy"
            ],
            "max_session_duration": 3600,
            "name": "test-eks-pr-1377-posthog-dev-aws-load-balancer-controller",
            "name_prefix": "",
            "path": "/",
            "permissions_boundary": null,
            "tags": {
              "Environment": "dev",
              "ManagedByTerraform": "true"
            },
            "tags_all": {
              "Environment": "dev",
              "ManagedByTerraform": "true"
            },
            "unique_id": "AROASPAP2IQF233TT546D"
          },
          "sensitive_attributes": []
        }
      ]
    },
    {
      "mode": "managed",
      "type": "aws_iam_role",
      "name": "test_eks_pr_1377_posthog_dev_cluster_20230403115346600800000002",
      "provider": "provider[\"registry.terraform.io/hashicorp/aws\"]",
      "instances": [
        {
          "schema_version": 0,
          "attributes": {
            "arn": "arn:aws:iam::169684386827:role/test-eks-pr-1377-posthog-dev-cluster-20230403115346600800000002",
            "assume_role_policy": "{\"Version\": \"2012-10-17\", \"Statement\": [{\"Sid\": \"EKSClusterAssumeRole\", \"Effect\": \"Allow\", \"Principal\": {\"Service\": \"eks.amazonaws.com\"}, \"Action\": \"sts:AssumeRole\"}]}",
            "create_date": "2023-04-03T11:53:46Z",
            "description": "",
            "force_detach_policies": null,
            "id": "test-eks-pr-1377-posthog-dev-cluster-20230403115346600800000002",
            "inline_policy": [],
            "managed_policy_arns": [
              "arn:aws:iam::aws:policy/AmazonEKSClusterPolicy",
              "arn:aws:iam::aws:policy/AmazonEKSVPCResourceController"
            ],
            "max_session_duration": 3600,
            "name": "test-eks-pr-1377-posthog-dev-cluster-20230403115346600800000002",
            "name_prefix": "test-eks-pr-1377-posthog-dev-cluster-",
            "path": "/",
            "permissions_boundary": null,
            "tags": {
              "Environment": "dev",
              "ManagedByTerraform": "true"
            },
            "tags_all": {
              "Environment": "dev",
              "ManagedByTerraform": "true"
            },
            "unique_id": "AROASPAP2IQFXOFMZJCBT"
          },
          "sensitive_attributes": []
        }
      ]
    },
    {
      "mode": "managed",
      "type": "aws_iam_role",
      "name": "test_eks_pr_1377_posthog_dev_cluster_autoscaler",
      "provider": "provider[\"registry.terraform.io/hashicorp/aws\"]",
      "instances": [
        {
          "schema_version": 0,
          "attributes": {
            "arn": "arn:aws:iam::169684386827:role/test-eks-pr-1377-posthog-dev-cluster-autoscaler",
            "assume_role_policy": "{\"Version\": \"2012-10-17\", \"Statement\": [{\"Effect\": \"Allow\", \"Principal\": {\"Federated\": \"arn:aws:iam::169684386827:oidc-provider/oidc.eks.us-east-1.amazonaws.com/id/7A4C903B3A7D6AAEB3ED9EC430637E6A\"}, \"Action\": \"sts:AssumeRoleWithWebIdentity\", \"Condition\": {\"StringEquals\": {\"oidc.eks.us-east-1.amazonaws.com/id/7A4C903B3A7D6AAEB3ED9EC430637E6A:sub\": \"system:serviceaccount:kube-system:cluster-autoscaler\"}}}]}",
            "create_date": "2023-04-03T12:06:23Z",
            "description": "",
            "force_detach_policies": null,
            "id": "test-eks-pr-1377-posthog-dev-cluster-autoscaler",
            "inline_policy": [],
            "managed_policy_arns": [
              "arn:aws:iam::169684386827:policy/test-eks-pr-1377-posthog-dev-worker-autoscaling2023040312045036110000003a"
            ],
            "max_session_duration": 3600,
            "name": "test-eks-pr-1377-posthog-dev-cluster-autoscaler",
            "name_prefix": "",
            "path": "/",
            "permissions_boundary": null,
            "tags": {
              "Environment": "dev",
              "ManagedByTerraform": "true"
            },
            "tags_all": {
              "Environment": "dev",
              "ManagedByTerraform": "true"
            },
            "unique_id": "AROASPAP2IQF6X6FV4OQJ"
          },
          "sensitive_attributes": []
        }
      ]
    },
    {
      "mode": "managed",
      "type": "aws_iam_role",
      "name": "test_eks_pr_1377_posthog_dev_ebs_csi_driver",
      "provider": "provider[\"registry.terraform.io/hashicorp/aws\"]",
      "instances": [
        {
          "schema_version": 0,
          "attributes": {
            "arn": "arn:aws:iam::169684386827:role/test-eks-pr-1377-posthog-dev-ebs-csi-driver",
            "assume_role_policy": "{\"Version\": \"2012-10-17\", \"Statement\": [{\"Effect\": \"Allow\", \"Principal\": {\"Federated\": \"arn:aws:iam::169684386827:oidc-provider/oidc.eks.us-east-1.amazonaws.com/id/7A4C903B3A7D6AAEB3ED9EC430637E6A\"}, \"Action\": \"sts:AssumeRoleWithWebIdentity\", \"Condition\": {\"StringEquals\": {\"oidc.eks.us-east-1.amazonaws.com/id/7A4C903B3A7D6AAEB3ED9EC430637E6A:sub\": \"system:serviceaccount:kube-system:ebs-csi-controller-sa\", \"oidc.eks.us-east-1.amazonaws.com/id/7A4C903B3A7D6AAEB3ED9EC430637E6A:aud\": \"sts.amazonaws.com\"}}}]}",
            "create_date": "2023-04-03T12:06:24Z",
            "description": "",
            "force_detach_policies": null,
            "id": "test-eks-pr-1377-posthog-dev-ebs-csi-driver",
            "inline_policy": [],
            "managed_policy_arns": [
              "arn:aws:iam::169684386827:policy/test-eks-pr-1377-posthog-dev-ebs-csi-driver2023040312044958890000002a",
              "arn:aws:iam::aws:policy/service-role/AmazonEBSCSIDriverPolicy"
            ],
            "max_session_duration": 3600,
            "name": "test-eks-pr-1377-posthog-dev-ebs-csi-driver",
            "name_prefix": "",
            "path": "/",
            "permissions_boundary": null,
            "tags": {
              "Environment": "dev",
              "ManagedByTerraform": "true"
            },
            "tags_all": {
              "Environment": "dev",
              "ManagedByTerraform": "true"
            },
            "unique_id": "AROASPAP2IQF6SZ3WP4JS"
          },
          "sensitive_attributes": []
        }
      ]
    },
    {
      "mode": "managed",
      "type": "aws_iam_role",
      "name": "test_eks_pr_1377_posthog_dev_external_dns",
      "provider": "provider[\"registry.terraform.io/hashicorp/aws\"]",
      "instances": [
        {
          "schema_version": 0,
          "attributes": {
            "arn": "arn:aws:iam::169684386827:role/test-eks-pr-1377-posthog-dev-external-dns",
            "assume_role_policy": "{\"Version\": \"2012-10-17\", \"Statement\": [{\"Effect\": \"Allow\", \"Principal\": {\"Federated\": \"arn:aws:iam::169684386827:oidc-provider/oidc.eks.us-east-1.amazonaws.com/id/7A4C903B3A7D6AAEB3ED9EC430637E6A\"}, \"Action\": \"sts:AssumeRoleWithWebIdentity\", \"Condition\": {\"StringEquals\": {\"oidc.eks.us-east-1.amazonaws.com/id/7A4C903B3A7D6AAEB3ED9EC430637E6A:sub\": \"system:serviceaccount:kube-system:external-dns\"}}}]}",
            "create_date": "2023-04-03T12:06:25Z",
            "description": "",
            "force_detach_policies": null,
            "id": "test-eks-pr-1377-posthog-dev-external-dns",
            "inline_policy": [],
            "managed_policy_arns": [
              "arn:aws:iam::169684386827:policy/test-eks-pr-1377-posthog-dev-external-dns20230403120450150300000039"
            ],
            "max_session_duration": 3600,
            "name": "test-eks-pr-1377-posthog-dev-external-dns",
            "name_prefix": "",
            "path": "/",
            "permissions_boundary": null,
            "tags": {
              "Environment": "dev",
              "ManagedByTerraform": "true"
            },
            "tags_all": {
              "Environment": "dev",
              "ManagedByTerraform": "true"
            },
            "unique_id": "AROASPAP2IQF6LC3ZYFR5"
          },
          "sensitive_attributes": []
        }
      ]
    },
    {
      "mode": "managed",
      "type": "aws_iam_role",
      "name": "test_eks_pr_1379_posthog_dev_aws_load_balancer_controller",
      "provider": "provider[\"registry.terraform.io/hashicorp/aws\"]",
      "instances": [
        {
          "schema_version": 0,
          "attributes": {
            "arn": "arn:aws:iam::169684386827:role/test-eks-pr-1379-posthog-dev-aws-load-balancer-controller",
            "assume_role_policy": "{\"Version\": \"2012-10-17\", \"Statement\": [{\"Effect\": \"Allow\", \"Principal\": {\"Federated\": \"arn:aws:iam::169684386827:oidc-provider/oidc.eks.us-east-1.amazonaws.com/id/EE6D2FD1BDCDB994C4197E0912552CAC\"}, \"Action\": \"sts:AssumeRoleWithWebIdentity\", \"Condition\": {\"StringEquals\": {\"oidc.eks.us-east-1.amazonaws.com/id/EE6D2FD1BDCDB994C4197E0912552CAC:sub\": \"system:serviceaccount:kube-system:aws-load-balancer-controller\"}}}]}",
            "create_date": "2023-03-24T11:56:51Z",
            "description": "",
            "force_detach_policies": null,
            "id": "test-eks-pr-1379-posthog-dev-aws-load-balancer-controller",
            "inline_policy": [],
            "managed_policy_arns": [
              "arn:aws:iam::169684386827:policy/service/test-eks-pr-1379-posthog-dev/test-eks-pr-1379-posthog-dev-AWSLoadBalancerControllerGlobalIAMPolicy"
            ],
            "max_session_duration": 3600,
            "name": "test-eks-pr-1379-posthog-dev-aws-load-balancer-controller",
            "name_prefix": "",
            "path": "/",
            "permissions_boundary": null,
            "tags": {
              "Environment": "dev",
              "ManagedByTerraform": "true"
            },
            "tags_all": {
              "Environment": "dev",
              "ManagedByTerraform": "true"
            },
            "unique_id": "AROASPAP2IQF6G23AXZ2X"
          },
          "sensitive_attributes": []
        }
      ]
    },
    {
      "mode": "managed",
      "type": "aws_iam_role",
      "name": "test_eks_pr_1379_posthog_dev_cluster_20230324114602000300000003",
      "provider": "provider[\"registry.terraform.io/hashicorp/aws\"]",
      "instances": [
        {
          "schema_version": 0,
          "attributes": {
            "arn": "arn:aws:iam::169684386827:role/test-eks-pr-1379-posthog-dev-cluster-20230324114602000300000003",
            "assume_role_policy": "{\"Version\": \"2012-10-17\", \"Statement\": [{\"Sid\": \"EKSClusterAssumeRole\", \"Effect\": \"Allow\", \"Principal\": {\"Service\": \"eks.amazonaws.com\"}, \"Action\": \"sts:AssumeRole\"}]}",
            "create_date": "2023-03-24T11:46:02Z",
            "description": "",
            "force_detach_policies": null,
            "id": "test-eks-pr-1379-posthog-dev-cluster-20230324114602000300000003",
            "inline_policy": [],
            "managed_policy_arns": [
              "arn:aws:iam::aws:policy/AmazonEKSClusterPolicy",
              "arn:aws:iam::aws:policy/AmazonEKSVPCResourceController"
            ],
            "max_session_duration": 3600,
            "name": "test-eks-pr-1379-posthog-dev-cluster-20230324114602000300000003",
            "name_prefix": "test-eks-pr-1379-posthog-dev-cluster-",
            "path": "/",
            "permissions_boundary": null,
            "tags": {
              "Environment": "dev",
              "ManagedByTerraform": "true"
            },
            "tags_all": {
              "Environment": "dev",
              "ManagedByTerraform": "true"
            },
            "unique_id": "AROASPAP2IQFWAQ3GRCGC"
          },
          "sensitive_attributes": []
        }
      ]
    },
    {
      "mode": "managed",
      "type": "aws_iam_role",
      "name": "test_eks_pr_1379_posthog_dev_cluster_autoscaler",
      "provider": "provider[\"registry.terraform.io/hashicorp/aws\"]",
      "instances": [
        {
          "schema_version": 0,
          "attributes": {
            "arn": "arn:aws:iam::169684386827:role/test-eks-pr-1379-posthog-dev-cluster-autoscaler",
            "assume_role_policy": "{\"Version\": \"2012-10-17\", \"Statement\": [{\"Effect\": \"Allow\", \"Principal\": {\"Federated\": \"arn:aws:iam::169684386827:oidc-provider/oidc.eks.us-east-1.amazonaws.com/id/EE6D2FD1BDCDB994C4197E0912552CAC\"}, \"Action\": \"sts:AssumeRoleWithWebIdentity\", \"Condition\": {\"StringEquals\": {\"oidc.eks.us-east-1.amazonaws.com/id/EE6D2FD1BDCDB994C4197E0912552CAC:sub\": \"system:serviceaccount:kube-system:cluster-autoscaler\"}}}]}",
            "create_date": "2023-03-24T11:56:51Z",
            "description": "",
            "force_detach_policies": null,
            "id": "test-eks-pr-1379-posthog-dev-cluster-autoscaler",
            "inline_policy": [],
            "managed_policy_arns": [
              "arn:aws:iam::169684386827:policy/test-eks-pr-1379-posthog-dev-worker-autoscaling2023032411565177690000003a"
            ],
            "max_session_duration": 3600,
            "name": "test-eks-pr-1379-posthog-dev-cluster-autoscaler",
            "name_prefix": "",
            "path": "/",
            "permissions_boundary": null,
            "tags": {
              "Environment": "dev",
              "ManagedByTerraform": "true"
            },
            "tags_all": {
              "Environment": "dev",
              "ManagedByTerraform": "true"
            },
            "unique_id": "AROASPAP2IQF766IOAMXT"
          },
          "sensitive_attributes": []
        }
      ]
    },
    {
      "mode": "managed",
      "type": "aws_iam_role",
      "name": "test_eks_pr_1379_posthog_dev_ebs_csi_driver",
      "provider": "provider[\"registry.terraform.io/hashicorp/aws\"]",
      "instances": [
        {
          "schema_version": 0,
          "attributes": {
            "arn": "arn:aws:iam::169684386827:role/test-eks-pr-1379-posthog-dev-ebs-csi-driver",
            "assume_role_policy": "{\"Version\": \"2012-10-17\", \"Statement\": [{\"Effect\": \"Allow\", \"Principal\": {\"Federated\": \"arn:aws:iam::169684386827:oidc-provider/oidc.eks.us-east-1.amazonaws.com/id/EE6D2FD1BDCDB994C4197E0912552CAC\"}, \"Action\": \"sts:AssumeRoleWithWebIdentity\", \"Condition\": {\"StringEquals\": {\"oidc.eks.us-east-1.amazonaws.com/id/EE6D2FD1BDCDB994C4197E0912552CAC:aud\": \"sts.amazonaws.com\", \"oidc.eks.us-east-1.amazonaws.com/id/EE6D2FD1BDCDB994C4197E0912552CAC:sub\": \"system:serviceaccount:kube-system:ebs-csi-controller-sa\"}}}]}",
            "create_date": "2023-03-24T11:56:51Z",
            "description": "",
            "force_detach_policies": null,
            "id": "test-eks-pr-1379-posthog-dev-ebs-csi-driver",
            "inline_policy": [],
            "managed_policy_arns": [
              "arn:aws:iam::169684386827:policy/test-eks-pr-1379-posthog-dev-ebs-csi-driver2023032411565116420000002a",
              "arn:aws:iam::aws:policy/service-role/AmazonEBSCSIDriverPolicy"
            ],
            "max_session_duration": 3600,
            "name": "test-eks-pr-1379-posthog-dev-ebs-csi-driver",
            "name_prefix": "",
            "path": "/",
            "permissions_boundary": null,
            "tags": {
              "Environment": "dev",
              "ManagedByTerraform": "true"
            },
            "tags_all": {
              "Environment": "dev",
              "ManagedByTerraform": "true"
            },
            "unique_id": "AROASPAP2IQF5RDCWL5RI"
          },
          "sensitive_attributes": []
        }
      ]
    },
    {
      "mode": "managed",
      "type": "aws_iam_role",
      "name": "test_eks_pr_1379_posthog_dev_external_dns",
      "provider": "provider[\"registry.terraform.io/hashicorp/aws\"]",
      "instances": [
        {
          "schema_version": 0,
          "attributes": {
            "arn": "arn:aws:iam::169684386827:role/test-eks-pr-1379-posthog-dev-external-dns",
            "assume_role_policy": "{\"Version\": \"2012-10-17\", \"Statement\": [{\"Effect\": \"Allow\", \"Principal\": {\"Federated\": \"arn:aws:iam::169684386827:oidc-provider/oidc.eks.us-east-1.amazonaws.com/id/EE6D2FD1BDCDB994C4197E0912552CAC\"}, \"Action\": \"sts:AssumeRoleWithWebIdentity\", \"Condition\": {\"StringEquals\": {\"oidc.eks.us-east-1.amazonaws.com/id/EE6D2FD1BDCDB994C4197E0912552CAC:sub\": \"system:serviceaccount:kube-system:external-dns\"}}}]}",
            "create_date": "2023-03-24T11:56:51Z",
            "description": "",
            "force_detach_policies": null,
            "id": "test-eks-pr-1379-posthog-dev-external-dns",
            "inline_policy": [],
            "managed_policy_arns": [
              "arn:aws:iam::169684386827:policy/test-eks-pr-1379-posthog-dev-external-dns20230324115651463500000039"
            ],
            "max_session_duration": 3600,
            "name": "test-eks-pr-1379-posthog-dev-external-dns",
            "name_prefix": "",
            "path": "/",
            "permissions_boundary": null,
            "tags": {
              "Environment": "dev",
              "ManagedByTerraform": "true"
            },
            "tags_all": {
              "Environment": "dev",
              "ManagedByTerraform": "true"
            },
            "unique_id": "AROASPAP2IQFW3SLTC3DY"
          },
          "sensitive_attributes": []
        }
      ]
    },
    {
      "mode": "managed",
      "type": "aws_iam_role",
      "name": "test_eks_pr_193_posthog_dev_aws_load_balancer_controller",
      "provider": "provider[\"registry.terraform.io/hashicorp/aws\"]",
      "instances": [
        {
          "schema_version": 0,
          "attributes": {
            "arn": "arn:aws:iam::169684386827:role/test-eks-pr-193-posthog-dev-aws-load-balancer-controller",
            "assume_role_policy": "{\"Version\": \"2012-10-17\", \"Statement\": [{\"Effect\": \"Allow\", \"Principal\": {\"Federated\": \"arn:aws:iam::169684386827:oidc-provider/oidc.eks.us-east-1.amazonaws.com/id/C9F5CCF1FC68C8726485F82F7C83618B\"}, \"Action\": \"sts:AssumeRoleWithWebIdentity\", \"Condition\": {\"StringEquals\": {\"oidc.eks.us-east-1.amazonaws.com/id/C9F5CCF1FC68C8726485F82F7C83618B:sub\": \"system:serviceaccount:kube-system:aws-load-balancer-controller\"}}}]}",
            "create_date": "2022-05-23T13:26:54Z",
            "description": "",
            "force_detach_policies": null,
            "id": "test-eks-pr-193-posthog-dev-aws-load-balancer-controller",
            "inline_policy": [],
            "managed_policy_arns": [
              "arn:aws:iam::169684386827:policy/service/test-eks-pr-193-posthog-dev/test-eks-pr-193-posthog-dev-AWSLoadBalancerControllerGlobalIAMPolicy"
            ],
            "max_session_duration": 3600,
            "name": "test-eks-pr-193-posthog-dev-aws-load-balancer-controller",
            "name_prefix": "",
            "path": "/",
            "permissions_boundary": null,
            "tags": {
              "Environment": "dev",
              "ManagedByTerraform": "true"
            },
            "tags_all": {
              "Environment": "dev",
              "ManagedByTerraform": "true"
            },
            "unique_id": "AROASPAP2IQFTBVEQU5CJ"
          },
          "sensitive_attributes": []
        }
      ]
    },
    {
      "mode": "managed",
      "type": "aws_iam_role",
      "name": "test_eks_pr_193_posthog_dev_cluster_20220523131651400500000003",
      "provider": "provider[\"registry.terraform.io/hashicorp/aws\"]",
      "instances": [
        {
          "schema_version": 0,
          "attributes": {
            "arn": "arn:aws:iam::169684386827:role/test-eks-pr-193-posthog-dev-cluster-20220523131651400500000003",
            "assume_role_policy": "{\"Version\": \"2012-10-17\", \"Statement\": [{\"Sid\": \"EKSClusterAssumeRole\", \"Effect\": \"Allow\", \"Principal\": {\"Service\": \"eks.amazonaws.com\"}, \"Action\": \"sts:AssumeRole\"}]}",
            "create_date": "2022-05-23T13:16:51Z",
            "description": "",
            "force_detach_policies": null,
            "id": "test-eks-pr-193-posthog-dev-cluster-20220523131651400500000003",
            "inline_policy": [],
            "managed_policy_arns": [
              "arn:aws:iam::aws:policy/AmazonEKSClusterPolicy",
              "arn:aws:iam::aws:policy/AmazonEKSVPCResourceController"
            ],
            "max_session_duration": 3600,
            "name": "test-eks-pr-193-posthog-dev-cluster-20220523131651400500000003",
            "name_prefix": "test-eks-pr-193-posthog-dev-cluster-",
            "path": "/",
            "permissions_boundary": null,
            "tags": {
              "Environment": "dev",
              "ManagedByTerraform": "true"
            },
            "tags_all": {
              "Environment": "dev",
              "ManagedByTerraform": "true"
            },
            "unique_id": "AROASPAP2IQF4B4D46V3Y"
          },
          "sensitive_attributes": []
        }
      ]
    },
    {
      "mode": "managed",
      "type": "aws_iam_role",
      "name": "test_eks_pr_193_posthog_dev_cluster_autoscaler",
      "provider": "provider[\"registry.terraform.io/hashicorp/aws\"]",
      "instances": [
        {
          "schema_version": 0,
          "attributes": {
            "arn": "arn:aws:iam::169684386827:role/test-eks-pr-193-posthog-dev-cluster-autoscaler",
            "assume_role_policy": "{\"Version\": \"2012-10-17\", \"Statement\": [{\"Effect\": \"Allow\", \"Principal\": {\"Federated\": \"arn:aws:iam::169684386827:oidc-provider/oidc.eks.us-east-1.amazonaws.com/id/C9F5CCF1FC68C8726485F82F7C83618B\"}, \"Action\": \"sts:AssumeRoleWithWebIdentity\", \"Condition\": {\"StringEquals\": {\"oidc.eks.us-east-1.amazonaws.com/id/C9F5CCF1FC68C8726485F82F7C83618B:sub\": \"system:serviceaccount:kube-system:cluster-autoscaler\"}}}]}",
            "create_date": "2022-05-23T13:26:54Z",
            "description": "",
            "force_detach_policies": null,
            "id": "test-eks-pr-193-posthog-dev-cluster-autoscaler",
            "inline_policy": [],
            "managed_policy_arns": [
              "arn:aws:iam::169684386827:policy/test-eks-pr-193-posthog-dev-worker-autoscaling20220523132654503700000016"
            ],
            "max_session_duration": 3600,
            "name": "test-eks-pr-193-posthog-dev-cluster-autoscaler",
            "name_prefix": "",
            "path": "/",
            "permissions_boundary": null,
            "tags": {
              "Environment": "dev",
              "ManagedByTerraform": "true"
            },
            "tags_all": {
              "Environment": "dev",
              "ManagedByTerraform": "true"
            },
            "unique_id": "AROASPAP2IQF4FXYMEIKV"
          },
          "sensitive_attributes": []
        }
      ]
    },
    {
      "mode": "managed",
      "type": "aws_iam_role",
      "name": "test_eks_pr_193_posthog_dev_external_dns",
      "provider": "provider[\"registry.terraform.io/hashicorp/aws\"]",
      "instances": [
        {
          "schema_version": 0,
          "attributes": {
            "arn": "arn:aws:iam::169684386827:role/test-eks-pr-193-posthog-dev-external-dns",
            "assume_role_policy": "{\"Version\": \"2012-10-17\", \"Statement\": [{\"Effect\": \"Allow\", \"Principal\": {\"Federated\": \"arn:aws:iam::169684386827:oidc-provider/oidc.eks.us-east-1.amazonaws.com/id/C9F5CCF1FC68C8726485F82F7C83618B\"}, \"Action\": \"sts:AssumeRoleWithWebIdentity\", \"Condition\": {\"StringEquals\": {\"oidc.eks.us-east-1.amazonaws.com/id/C9F5CCF1FC68C8726485F82F7C83618B:sub\": \"system:serviceaccount:kube-system:external-dns\"}}}]}",
            "create_date": "2022-05-23T13:26:54Z",
            "description": "",
            "force_detach_policies": null,
            "id": "test-eks-pr-193-posthog-dev-external-dns",
            "inline_policy": [],
            "managed_policy_arns": [
              "arn:aws:iam::169684386827:policy/test-eks-pr-193-posthog-dev-external-dns20220523132654483100000015"
            ],
            "max_session_duration": 3600,
            "name": "test-eks-pr-193-posthog-dev-external-dns",
            "name_prefix": "",
            "path": "/",
            "permissions_boundary": null,
            "tags": {
              "Environment": "dev",
              "ManagedByTerraform": "true"
            },
            "tags_all": {
              "Environment": "dev",
              "ManagedByTerraform": "true"
            },
            "unique_id": "AROASPAP2IQFUBXOEOVYI"
          },
          "sensitive_attributes": []
        }
      ]
    },
    {
      "mode": "managed",
      "type": "aws_iam_role",
      "name": "test_eks_pr_245_posthog_dev_aws_load_balancer_controller",
      "provider": "provider[\"registry.terraform.io/hashicorp/aws\"]",
      "instances": [
        {
          "schema_version": 0,
          "attributes": {
            "arn": "arn:aws:iam::169684386827:role/test-eks-pr-245-posthog-dev-aws-load-balancer-controller",
            "assume_role_policy": "{\"Version\": \"2012-10-17\", \"Statement\": [{\"Effect\": \"Allow\", \"Principal\": {\"Federated\": \"arn:aws:iam::169684386827:oidc-provider/oidc.eks.us-east-1.amazonaws.com/id/35F65FD794250919329F08A46F9E1175\"}, \"Action\": \"sts:AssumeRoleWithWebIdentity\", \"Condition\": {\"StringEquals\": {\"oidc.eks.us-east-1.amazonaws.com/id/35F65FD794250919329F08A46F9E1175:sub\": \"system:serviceaccount:kube-system:aws-load-balancer-controller\"}}}]}",
            "create_date": "2022-06-02T13:02:00Z",
            "description": "",
            "force_detach_policies": null,
            "id": "test-eks-pr-245-posthog-dev-aws-load-balancer-controller",
            "inline_policy": [],
            "managed_policy_arns": [
              "arn:aws:iam::169684386827:policy/service/test-eks-pr-245-posthog-dev/test-eks-pr-245-posthog-dev-AWSLoadBalancerControllerGlobalIAMPolicy"
            ],
            "max_session_duration": 3600,
            "name": "test-eks-pr-245-posthog-dev-aws-load-balancer-controller",
            "name_prefix": "",
            "path": "/",
            "permissions_boundary": null,
            "tags": {
              "Environment": "dev",
              "ManagedByTerraform": "true"
            },
            "tags_all": {
              "Environment": "dev",
              "ManagedByTerraform": "true"
            },
            "unique_id": "AROASPAP2IQF4HASRBLCP"
          },
          "sensitive_attributes": []
        }
      ]
    },
    {
      "mode": "managed",
      "type": "aws_iam_role",
      "name": "test_eks_pr_245_posthog_dev_cluster_20220602125147921600000001",
      "provider": "provider[\"registry.terraform.io/hashicorp/aws\"]",
      "instances": [
        {
          "schema_version": 0,
          "attributes": {
            "arn": "arn:aws:iam::169684386827:role/test-eks-pr-245-posthog-dev-cluster-20220602125147921600000001",
            "assume_role_policy": "{\"Version\": \"2012-10-17\", \"Statement\": [{\"Sid\": \"EKSClusterAssumeRole\", \"Effect\": \"Allow\", \"Principal\": {\"Service\": \"eks.amazonaws.com\"}, \"Action\": \"sts:AssumeRole\"}]}",
            "create_date": "2022-06-02T12:51:48Z",
            "description": "",
            "force_detach_policies": null,
            "id": "test-eks-pr-245-posthog-dev-cluster-20220602125147921600000001",
            "inline_policy": [],
            "managed_policy_arns": [
              "arn:aws:iam::aws:policy/AmazonEKSClusterPolicy",
              "arn:aws:iam::aws:policy/AmazonEKSVPCResourceController"
            ],
            "max_session_duration": 3600,
            "name": "test-eks-pr-245-posthog-dev-cluster-20220602125147921600000001",
            "name_prefix": "test-eks-pr-245-posthog-dev-cluster-",
            "path": "/",
            "permissions_boundary": null,
            "tags": {
              "Environment": "dev",
              "ManagedByTerraform": "true"
            },
            "tags_all": {
              "Environment": "dev",
              "ManagedByTerraform": "true"
            },
            "unique_id": "AROASPAP2IQFSRW5JTN7Z"
          },
          "sensitive_attributes": []
        }
      ]
    },
    {
      "mode": "managed",
      "type": "aws_iam_role",
      "name": "test_eks_pr_245_posthog_dev_cluster_autoscaler",
      "provider": "provider[\"registry.terraform.io/hashicorp/aws\"]",
      "instances": [
        {
          "schema_version": 0,
          "attributes": {
            "arn": "arn:aws:iam::169684386827:role/test-eks-pr-245-posthog-dev-cluster-autoscaler",
            "assume_role_policy": "{\"Version\": \"2012-10-17\", \"Statement\": [{\"Effect\": \"Allow\", \"Principal\": {\"Federated\": \"arn:aws:iam::169684386827:oidc-provider/oidc.eks.us-east-1.amazonaws.com/id/35F65FD794250919329F08A46F9E1175\"}, \"Action\": \"sts:AssumeRoleWithWebIdentity\", \"Condition\": {\"StringEquals\": {\"oidc.eks.us-east-1.amazonaws.com/id/35F65FD794250919329F08A46F9E1175:sub\": \"system:serviceaccount:kube-system:cluster-autoscaler\"}}}]}",
            "create_date": "2022-06-02T13:02:00Z",
            "description": "",
            "force_detach_policies": null,
            "id": "test-eks-pr-245-posthog-dev-cluster-autoscaler",
            "inline_policy": [],
            "managed_policy_arns": [
              "arn:aws:iam::169684386827:policy/test-eks-pr-245-posthog-dev-worker-autoscaling2022060213020007600000000e"
            ],
            "max_session_duration": 3600,
            "name": "test-eks-pr-245-posthog-dev-cluster-autoscaler",
            "name_prefix": "",
            "path": "/",
            "permissions_boundary": null,
            "tags": {
              "Environment": "dev",
              "ManagedByTerraform": "true"
            },
            "tags_all": {
              "Environment": "dev",
              "ManagedByTerraform": "true"
            },
            "unique_id": "AROASPAP2IQFVCLDVS5CC"
          },
          "sensitive_attributes": []
        }
      ]
    },
    {
      "mode": "managed",
      "type": "aws_iam_role",
      "name": "test_eks_pr_245_posthog_dev_external_dns",
      "provider": "provider[\"registry.terraform.io/hashicorp/aws\"]",
      "instances": [
        {
          "schema_version": 0,
          "attributes": {
            "arn": "arn:aws:iam::169684386827:role/test-eks-pr-245-posthog-dev-external-dns",
            "assume_role_policy": "{\"Version\": \"2012-10-17\", \"Statement\": [{\"Effect\": \"Allow\", \"Principal\": {\"Federated\": \"arn:aws:iam::169684386827:oidc-provider/oidc.eks.us-east-1.amazonaws.com/id/35F65FD794250919329F08A46F9E1175\"}, \"Action\": \"sts:AssumeRoleWithWebIdentity\", \"Condition\": {\"StringEquals\": {\"oidc.eks.us-east-1.amazonaws.com/id/35F65FD794250919329F08A46F9E1175:sub\": \"system:serviceaccount:kube-system:external-dns\"}}}]}",
            "create_date": "2022-06-02T13:02:00Z",
            "description": "",
            "force_detach_policies": null,
            "id": "test-eks-pr-245-posthog-dev-external-dns",
            "inline_policy": [],
            "managed_policy_arns": [
              "arn:aws:iam::169684386827:policy/test-eks-pr-245-posthog-dev-external-dns2022060213020005220000000d"
            ],
            "max_session_duration": 3600,
            "name": "test-eks-pr-245-posthog-dev-external-dns",
            "name_prefix": "",
            "path": "/",
            "permissions_boundary": null,
            "tags": {
              "Environment": "dev",
              "ManagedByTerraform": "true"
            },
            "tags_all": {
              "Environment": "dev",
              "ManagedByTerraform": "true"
            },
            "unique_id": "AROASPAP2IQFVVIWCMZ5U"
          },
          "sensitive_attributes": []
        }
      ]
    },
    {
      "mode": "managed",
      "type": "aws_iam_role",
      "name": "test_eks_pr_279_posthog_dev_aws_load_balancer_controller",
      "provider": "provider[\"registry.terraform.io/hashicorp/aws\"]",
      "instances": [
        {
          "schema_version": 0,
          "attributes": {
            "arn": "arn:aws:iam::169684386827:role/test-eks-pr-279-posthog-dev-aws-load-balancer-controller",
            "assume_role_policy": "{\"Version\": \"2012-10-17\", \"Statement\": [{\"Effect\": \"Allow\", \"Principal\": {\"Federated\": \"arn:aws:iam::169684386827:oidc-provider/oidc.eks.us-east-1.amazonaws.com/id/331016B575DE5D9ADFC3D19C90DD54B1\"}, \"Action\": \"sts:AssumeRoleWithWebIdentity\", \"Condition\": {\"StringEquals\": {\"oidc.eks.us-east-1.amazonaws.com/id/331016B575DE5D9ADFC3D19C90DD54B1:sub\": \"system:serviceaccount:kube-system:aws-load-balancer-controller\"}}}]}",
            "create_date": "2022-06-16T12:07:26Z",
            "description": "",
            "force_detach_policies": null,
            "id": "test-eks-pr-279-posthog-dev-aws-load-balancer-controller",
            "inline_policy": [],
            "managed_policy_arns": [
              "arn:aws:iam::169684386827:policy/service/test-eks-pr-279-posthog-dev/test-eks-pr-279-posthog-dev-AWSLoadBalancerControllerGlobalIAMPolicy"
            ],
            "max_session_duration": 3600,
            "name": "test-eks-pr-279-posthog-dev-aws-load-balancer-controller",
            "name_prefix": "",
            "path": "/",
            "permissions_boundary": null,
            "tags": {
              "Environment": "dev",
              "ManagedByTerraform": "true"
            },
            "tags_all": {
              "Environment": "dev",
              "ManagedByTerraform": "true"
            },
            "unique_id": "AROASPAP2IQFZBR3PTV2F"
          },
          "sensitive_attributes": []
        }
      ]
    },
    {
      "mode": "managed",
      "type": "aws_iam_role",
      "name": "test_eks_pr_279_posthog_dev_cluster_20220616115441135200000004",
      "provider": "provider[\"registry.terraform.io/hashicorp/aws\"]",
      "instances": [
        {
          "schema_version": 0,
          "attributes": {
            "arn": "arn:aws:iam::169684386827:role/test-eks-pr-279-posthog-dev-cluster-20220616115441135200000004",
            "assume_role_policy": "{\"Version\": \"2012-10-17\", \"Statement\": [{\"Sid\": \"EKSClusterAssumeRole\", \"Effect\": \"Allow\", \"Principal\": {\"Service\": \"eks.amazonaws.com\"}, \"Action\": \"sts:AssumeRole\"}]}",
            "create_date": "2022-06-16T11:54:41Z",
            "description": "",
            "force_detach_policies": null,
            "id": "test-eks-pr-279-posthog-dev-cluster-20220616115441135200000004",
            "inline_policy": [],
            "managed_policy_arns": [
              "arn:aws:iam::aws:policy/AmazonEKSClusterPolicy",
              "arn:aws:iam::aws:policy/AmazonEKSVPCResourceController"
            ],
            "max_session_duration": 3600,
            "name": "test-eks-pr-279-posthog-dev-cluster-20220616115441135200000004",
            "name_prefix": "test-eks-pr-279-posthog-dev-cluster-",
            "path": "/",
            "permissions_boundary": null,
            "tags": {
              "Environment": "dev",
              "ManagedByTerraform": "true"
            },
            "tags_all": {
              "Environment": "dev",
              "ManagedByTerraform": "true"
            },
            "unique_id": "AROASPAP2IQFYHOVCNVCO"
          },
          "sensitive_attributes": []
        }
      ]
    },
    {
      "mode": "managed",
      "type": "aws_iam_role",
      "name": "test_eks_pr_279_posthog_dev_cluster_autoscaler",
      "provider": "provider[\"registry.terraform.io/hashicorp/aws\"]",
      "instances": [
        {
          "schema_version": 0,
          "attributes": {
            "arn": "arn:aws:iam::169684386827:role/test-eks-pr-279-posthog-dev-cluster-autoscaler",
            "assume_role_policy": "{\"Version\": \"2012-10-17\", \"Statement\": [{\"Effect\": \"Allow\", \"Principal\": {\"Federated\": \"arn:aws:iam::169684386827:oidc-provider/oidc.eks.us-east-1.amazonaws.com/id/331016B575DE5D9ADFC3D19C90DD54B1\"}, \"Action\": \"sts:AssumeRoleWithWebIdentity\", \"Condition\": {\"StringEquals\": {\"oidc.eks.us-east-1.amazonaws.com/id/331016B575DE5D9ADFC3D19C90DD54B1:sub\": \"system:serviceaccount:kube-system:cluster-autoscaler\"}}}]}",
            "create_date": "2022-06-16T12:07:26Z",
            "description": "",
            "force_detach_policies": null,
            "id": "test-eks-pr-279-posthog-dev-cluster-autoscaler",
            "inline_policy": [],
            "managed_policy_arns": [
              "arn:aws:iam::169684386827:policy/test-eks-pr-279-posthog-dev-worker-autoscaling2022061612072596630000000e"
            ],
            "max_session_duration": 3600,
            "name": "test-eks-pr-279-posthog-dev-cluster-autoscaler",
            "name_prefix": "",
            "path": "/",
            "permissions_boundary": null,
            "tags": {
              "Environment": "dev",
              "ManagedByTerraform": "true"
            },
            "tags_all": {
              "Environment": "dev",
              "ManagedByTerraform": "true"
            },
            "unique_id": "AROASPAP2IQFXKZ62FGWS"
          },
          "sensitive_attributes": []
        }
      ]
    },
    {
      "mode": "managed",
      "type": "aws_iam_role",
      "name": "test_eks_pr_279_posthog_dev_external_dns",
      "provider": "provider[\"registry.terraform.io/hashicorp/aws\"]",
      "instances": [
        {
          "schema_version": 0,
          "attributes": {
            "arn": "arn:aws:iam::169684386827:role/test-eks-pr-279-posthog-dev-external-dns",
            "assume_role_policy": "{\"Version\": \"2012-10-17\", \"Statement\": [{\"Effect\": \"Allow\", \"Principal\": {\"Federated\": \"arn:aws:iam::169684386827:oidc-provider/oidc.eks.us-east-1.amazonaws.com/id/331016B575DE5D9ADFC3D19C90DD54B1\"}, \"Action\": \"sts:AssumeRoleWithWebIdentity\", \"Condition\": {\"StringEquals\": {\"oidc.eks.us-east-1.amazonaws.com/id/331016B575DE5D9ADFC3D19C90DD54B1:sub\": \"system:serviceaccount:kube-system:external-dns\"}}}]}",
            "create_date": "2022-06-16T12:07:26Z",
            "description": "",
            "force_detach_policies": null,
            "id": "test-eks-pr-279-posthog-dev-external-dns",
            "inline_policy": [],
            "managed_policy_arns": [
              "arn:aws:iam::169684386827:policy/test-eks-pr-279-posthog-dev-external-dns2022061612072594680000000d"
            ],
            "max_session_duration": 3600,
            "name": "test-eks-pr-279-posthog-dev-external-dns",
            "name_prefix": "",
            "path": "/",
            "permissions_boundary": null,
            "tags": {
              "Environment": "dev",
              "ManagedByTerraform": "true"
            },
            "tags_all": {
              "Environment": "dev",
              "ManagedByTerraform": "true"
            },
            "unique_id": "AROASPAP2IQF2X5DOCKGH"
          },
          "sensitive_attributes": []
        }
      ]
    },
    {
      "mode": "managed",
      "type": "aws_iam_role",
      "name": "test_eks_pr_458_posthog_dev_aws_load_balancer_controller",
      "provider": "provider[\"registry.terraform.io/hashicorp/aws\"]",
      "instances": [
        {
          "schema_version": 0,
          "attributes": {
            "arn": "arn:aws:iam::169684386827:role/test-eks-pr-458-posthog-dev-aws-load-balancer-controller",
            "assume_role_policy": "{\"Version\": \"2012-10-17\", \"Statement\": [{\"Effect\": \"Allow\", \"Principal\": {\"Federated\": \"arn:aws:iam::169684386827:oidc-provider/oidc.eks.us-east-1.amazonaws.com/id/EF7CCD654E4E696EFFE46F86F2C9CE34\"}, \"Action\": \"sts:AssumeRoleWithWebIdentity\", \"Condition\": {\"StringEquals\": {\"oidc.eks.us-east-1.amazonaws.com/id/EF7CCD654E4E696EFFE46F86F2C9CE34:sub\": \"system:serviceaccount:kube-system:aws-load-balancer-controller\"}}}]}",
            "create_date": "2022-08-18T16:30:50Z",
            "description": "",
            "force_detach_policies": null,
            "id": "test-eks-pr-458-posthog-dev-aws-load-balancer-controller",
            "inline_policy": [],
            "managed_policy_arns": [
              "arn:aws:iam::169684386827:policy/service/test-eks-pr-458-posthog-dev/test-eks-pr-458-posthog-dev-AWSLoadBalancerControllerGlobalIAMPolicy"
            ],
            "max_session_duration": 3600,
            "name": "test-eks-pr-458-posthog-dev-aws-load-balancer-controller",
            "name_prefix": "",
            "path": "/",
            "permissions_boundary": null,
            "tags": {
              "Environment": "dev",
              "ManagedByTerraform": "true"
            },
            "tags_all": {
              "Environment": "dev",
              "ManagedByTerraform": "true"
            },
            "unique_id": "AROASPAP2IQF2J76PCTNL"
          },
          "sensitive_attributes": []
        }
      ]
    },
    {
      "mode": "managed",
      "type": "aws_iam_role",
      "name": "test_eks_pr_458_posthog_dev_cluster_20220818161915270700000002",
      "provider": "provider[\"registry.terraform.io/hashicorp/aws\"]",
      "instances": [
        {
          "schema_version": 0,
          "attributes": {
            "arn": "arn:aws:iam::169684386827:role/test-eks-pr-458-posthog-dev-cluster-20220818161915270700000002",
            "assume_role_policy": "{\"Version\": \"2012-10-17\", \"Statement\": [{\"Sid\": \"EKSClusterAssumeRole\", \"Effect\": \"Allow\", \"Principal\": {\"Service\": \"eks.amazonaws.com\"}, \"Action\": \"sts:AssumeRole\"}]}",
            "create_date": "2022-08-18T16:19:15Z",
            "description": "",
            "force_detach_policies": null,
            "id": "test-eks-pr-458-posthog-dev-cluster-20220818161915270700000002",
            "inline_policy": [],
            "managed_policy_arns": [
              "arn:aws:iam::aws:policy/AmazonEKSClusterPolicy",
              "arn:aws:iam::aws:policy/AmazonEKSVPCResourceController"
            ],
            "max_session_duration": 3600,
            "name": "test-eks-pr-458-posthog-dev-cluster-20220818161915270700000002",
            "name_prefix": "test-eks-pr-458-posthog-dev-cluster-",
            "path": "/",
            "permissions_boundary": null,
            "tags": {
              "Environment": "dev",
              "ManagedByTerraform": "true"
            },
            "tags_all": {
              "Environment": "dev",
              "ManagedByTerraform": "true"
            },
            "unique_id": "AROASPAP2IQF5HKTWRCKI"
          },
          "sensitive_attributes": []
        }
      ]
    },
    {
      "mode": "managed",
      "type": "aws_iam_role",
      "name": "test_eks_pr_458_posthog_dev_cluster_autoscaler",
      "provider": "provider[\"registry.terraform.io/hashicorp/aws\"]",
      "instances": [
        {
          "schema_version": 0,
          "attributes": {
            "arn": "arn:aws:iam::169684386827:role/test-eks-pr-458-posthog-dev-cluster-autoscaler",
            "assume_role_policy": "{\"Version\": \"2012-10-17\", \"Statement\": [{\"Effect\": \"Allow\", \"Principal\": {\"Federated\": \"arn:aws:iam::169684386827:oidc-provider/oidc.eks.us-east-1.amazonaws.com/id/EF7CCD654E4E696EFFE46F86F2C9CE34\"}, \"Action\": \"sts:AssumeRoleWithWebIdentity\", \"Condition\": {\"StringEquals\": {\"oidc.eks.us-east-1.amazonaws.com/id/EF7CCD654E4E696EFFE46F86F2C9CE34:sub\": \"system:serviceaccount:kube-system:cluster-autoscaler\"}}}]}",
            "create_date": "2022-08-18T16:30:50Z",
            "description": "",
            "force_detach_policies": null,
            "id": "test-eks-pr-458-posthog-dev-cluster-autoscaler",
            "inline_policy": [],
            "managed_policy_arns": [
              "arn:aws:iam::169684386827:policy/test-eks-pr-458-posthog-dev-worker-autoscaling2022081816305010710000001c"
            ],
            "max_session_duration": 3600,
            "name": "test-eks-pr-458-posthog-dev-cluster-autoscaler",
            "name_prefix": "",
            "path": "/",
            "permissions_boundary": null,
            "tags": {
              "Environment": "dev",
              "ManagedByTerraform": "true"
            },
            "tags_all": {
              "Environment": "dev",
              "ManagedByTerraform": "true"
            },
            "unique_id": "AROASPAP2IQF4B7OYMYER"
          },
          "sensitive_attributes": []
        }
      ]
    },
    {
      "mode": "managed",
      "type": "aws_iam_role",
      "name": "test_eks_pr_458_posthog_dev_external_dns",
      "provider": "provider[\"registry.terraform.io/hashicorp/aws\"]",
      "instances": [
        {
          "schema_version": 0,
          "attributes": {
            "arn": "arn:aws:iam::169684386827:role/test-eks-pr-458-posthog-dev-external-dns",
            "assume_role_policy": "{\"Version\": \"2012-10-17\", \"Statement\": [{\"Effect\": \"Allow\", \"Principal\": {\"Federated\": \"arn:aws:iam::169684386827:oidc-provider/oidc.eks.us-east-1.amazonaws.com/id/EF7CCD654E4E696EFFE46F86F2C9CE34\"}, \"Action\": \"sts:AssumeRoleWithWebIdentity\", \"Condition\": {\"StringEquals\": {\"oidc.eks.us-east-1.amazonaws.com/id/EF7CCD654E4E696EFFE46F86F2C9CE34:sub\": \"system:serviceaccount:kube-system:external-dns\"}}}]}",
            "create_date": "2022-08-18T16:30:51Z",
            "description": "",
            "force_detach_policies": null,
            "id": "test-eks-pr-458-posthog-dev-external-dns",
            "inline_policy": [],
            "managed_policy_arns": [
              "arn:aws:iam::169684386827:policy/test-eks-pr-458-posthog-dev-external-dns2022081816305008240000001b"
            ],
            "max_session_duration": 3600,
            "name": "test-eks-pr-458-posthog-dev-external-dns",
            "name_prefix": "",
            "path": "/",
            "permissions_boundary": null,
            "tags": {
              "Environment": "dev",
              "ManagedByTerraform": "true"
            },
            "tags_all": {
              "Environment": "dev",
              "ManagedByTerraform": "true"
            },
            "unique_id": "AROASPAP2IQFXKCMQ6FKF"
          },
          "sensitive_attributes": []
        }
      ]
    },
    {
      "mode": "managed",
      "type": "aws_iam_role",
      "name": "test_eks_pr_687_posthog_dev_aws_load_balancer_controller",
      "provider": "provider[\"registry.terraform.io/hashicorp/aws\"]",
      "instances": [
        {
          "schema_version": 0,
          "attributes": {
            "arn": "arn:aws:iam::169684386827:role/test-eks-pr-687-posthog-dev-aws-load-balancer-controller",
            "assume_role_policy": "{\"Version\": \"2012-10-17\", \"Statement\": [{\"Effect\": \"Allow\", \"Principal\": {\"Federated\": \"arn:aws:iam::169684386827:oidc-provider/oidc.eks.us-east-1.amazonaws.com/id/B42FF7017C7DB2440175EAEA95E00DCF\"}, \"Action\": \"sts:AssumeRoleWithWebIdentity\", \"Condition\": {\"StringEquals\": {\"oidc.eks.us-east-1.amazonaws.com/id/B42FF7017C7DB2440175EAEA95E00DCF:sub\": \"system:serviceaccount:kube-system:aws-load-balancer-controller\"}}}]}",
            "create_date": "2022-10-20T15:42:49Z",
            "description": "",
            "force_detach_policies": null,
            "id": "test-eks-pr-687-posthog-dev-aws-load-balancer-controller",
            "inline_policy": [],
            "managed_policy_arns": [
              "arn:aws:iam::169684386827:policy/service/test-eks-pr-687-posthog-dev/test-eks-pr-687-posthog-dev-AWSLoadBalancerControllerGlobalIAMPolicy"
            ],
            "max_session_duration": 3600,
            "name": "test-eks-pr-687-posthog-dev-aws-load-balancer-controller",
            "name_prefix": "",
            "path": "/",
            "permissions_boundary": null,
            "tags": {
              "Environment": "dev",
              "ManagedByTerraform": "true"
            },
            "tags_all": {
              "Environment": "dev",
              "ManagedByTerraform": "true"
            },
            "unique_id": "AROASPAP2IQFU5HALWJNW"
          },
          "sensitive_attributes": []
        }
      ]
    },
    {
      "mode": "managed",
      "type": "aws_iam_role",
      "name": "test_eks_pr_687_posthog_dev_cluster_20221020153002461400000002",
      "provider": "provider[\"registry.terraform.io/hashicorp/aws\"]",
      "instances": [
        {
          "schema_version": 0,
          "attributes": {
            "arn": "arn:aws:iam::169684386827:role/test-eks-pr-687-posthog-dev-cluster-20221020153002461400000002",
            "assume_role_policy": "{\"Version\": \"2012-10-17\", \"Statement\": [{\"Sid\": \"EKSClusterAssumeRole\", \"Effect\": \"Allow\", \"Principal\": {\"Service\": \"eks.amazonaws.com\"}, \"Action\": \"sts:AssumeRole\"}]}",
            "create_date": "2022-10-20T15:30:02Z",
            "description": "",
            "force_detach_policies": null,
            "id": "test-eks-pr-687-posthog-dev-cluster-20221020153002461400000002",
            "inline_policy": [],
            "managed_policy_arns": [
              "arn:aws:iam::aws:policy/AmazonEKSClusterPolicy",
              "arn:aws:iam::aws:policy/AmazonEKSVPCResourceController"
            ],
            "max_session_duration": 3600,
            "name": "test-eks-pr-687-posthog-dev-cluster-20221020153002461400000002",
            "name_prefix": "test-eks-pr-687-posthog-dev-cluster-",
            "path": "/",
            "permissions_boundary": null,
            "tags": {
              "Environment": "dev",
              "ManagedByTerraform": "true"
            },
            "tags_all": {
              "Environment": "dev",
              "ManagedByTerraform": "true"
            },
            "unique_id": "AROASPAP2IQFQTDIWDRXQ"
          },
          "sensitive_attributes": []
        }
      ]
    },
    {
      "mode": "managed",
      "type": "aws_iam_role",
      "name": "test_eks_pr_687_posthog_dev_cluster_autoscaler",
      "provider": "provider[\"registry.terraform.io/hashicorp/aws\"]",
      "instances": [
        {
          "schema_version": 0,
          "attributes": {
            "arn": "arn:aws:iam::169684386827:role/test-eks-pr-687-posthog-dev-cluster-autoscaler",
            "assume_role_policy": "{\"Version\": \"2012-10-17\", \"Statement\": [{\"Effect\": \"Allow\", \"Principal\": {\"Federated\": \"arn:aws:iam::169684386827:oidc-provider/oidc.eks.us-east-1.amazonaws.com/id/B42FF7017C7DB2440175EAEA95E00DCF\"}, \"Action\": \"sts:AssumeRoleWithWebIdentity\", \"Condition\": {\"StringEquals\": {\"oidc.eks.us-east-1.amazonaws.com/id/B42FF7017C7DB2440175EAEA95E00DCF:sub\": \"system:serviceaccount:kube-system:cluster-autoscaler\"}}}]}",
            "create_date": "2022-10-20T15:42:49Z",
            "description": "",
            "force_detach_policies": null,
            "id": "test-eks-pr-687-posthog-dev-cluster-autoscaler",
            "inline_policy": [],
            "managed_policy_arns": [
              "arn:aws:iam::169684386827:policy/test-eks-pr-687-posthog-dev-worker-autoscaling2022102015424954200000001d"
            ],
            "max_session_duration": 3600,
            "name": "test-eks-pr-687-posthog-dev-cluster-autoscaler",
            "name_prefix": "",
            "path": "/",
            "permissions_boundary": null,
            "tags": {
              "Environment": "dev",
              "ManagedByTerraform": "true"
            },
            "tags_all": {
              "Environment": "dev",
              "ManagedByTerraform": "true"
            },
            "unique_id": "AROASPAP2IQFY5YPH67DK"
          },
          "sensitive_attributes": []
        }
      ]
    },
    {
      "mode": "managed",
      "type": "aws_iam_role",
      "name": "test_eks_pr_687_posthog_dev_ebs_csi_driver",
      "provider": "provider[\"registry.terraform.io/hashicorp/aws\"]",
      "instances": [
        {
          "schema_version": 0,
          "attributes": {
            "arn": "arn:aws:iam::169684386827:role/test-eks-pr-687-posthog-dev-ebs-csi-driver",
            "assume_role_policy": "{\"Version\": \"2012-10-17\", \"Statement\": [{\"Effect\": \"Allow\", \"Principal\": {\"Federated\": \"arn:aws:iam::169684386827:oidc-provider/oidc.eks.us-east-1.amazonaws.com/id/B42FF7017C7DB2440175EAEA95E00DCF\"}, \"Action\": \"sts:AssumeRoleWithWebIdentity\", \"Condition\": {\"StringEquals\": {\"oidc.eks.us-east-1.amazonaws.com/id/B42FF7017C7DB2440175EAEA95E00DCF:aud\": \"sts.amazonaws.com\", \"oidc.eks.us-east-1.amazonaws.com/id/B42FF7017C7DB2440175EAEA95E00DCF:sub\": \"system:serviceaccount:kube-system:ebs-csi-controller-sa\"}}}]}",
            "create_date": "2022-10-20T15:42:49Z",
            "description": "",
            "force_detach_policies": null,
            "id": "test-eks-pr-687-posthog-dev-ebs-csi-driver",
            "inline_policy": [],
            "managed_policy_arns": [
              "arn:aws:iam::169684386827:policy/test-eks-pr-687-posthog-dev-ebs-csi-driver20221020154249089600000015",
              "arn:aws:iam::aws:policy/service-role/AmazonEBSCSIDriverPolicy"
            ],
            "max_session_duration": 3600,
            "name": "test-eks-pr-687-posthog-dev-ebs-csi-driver",
            "name_prefix": "",
            "path": "/",
            "permissions_boundary": null,
            "tags": {
              "Environment": "dev",
              "ManagedByTerraform": "true"
            },
            "tags_all": {
              "Environment": "dev",
              "ManagedByTerraform": "true"
            },
            "unique_id": "AROASPAP2IQFSSQZWPRFP"
          },
          "sensitive_attributes": []
        }
      ]
    },
    {
      "mode": "managed",
      "type": "aws_iam_role",
      "name": "test_eks_pr_687_posthog_dev_external_dns",
      "provider": "provider[\"registry.terraform.io/hashicorp/aws\"]",
      "instances": [
        {
          "schema_version": 0,
          "attributes": {
            "arn": "arn:aws:iam::169684386827:role/test-eks-pr-687-posthog-dev-external-dns",
            "assume_role_policy": "{\"Version\": \"2012-10-17\", \"Statement\": [{\"Effect\": \"Allow\", \"Principal\": {\"Federated\": \"arn:aws:iam::169684386827:oidc-provider/oidc.eks.us-east-1.amazonaws.com/id/B42FF7017C7DB2440175EAEA95E00DCF\"}, \"Action\": \"sts:AssumeRoleWithWebIdentity\", \"Condition\": {\"StringEquals\": {\"oidc.eks.us-east-1.amazonaws.com/id/B42FF7017C7DB2440175EAEA95E00DCF:sub\": \"system:serviceaccount:kube-system:external-dns\"}}}]}",
            "create_date": "2022-10-20T15:42:49Z",
            "description": "",
            "force_detach_policies": null,
            "id": "test-eks-pr-687-posthog-dev-external-dns",
            "inline_policy": [],
            "managed_policy_arns": [
              "arn:aws:iam::169684386827:policy/test-eks-pr-687-posthog-dev-external-dns2022102015424936800000001c"
            ],
            "max_session_duration": 3600,
            "name": "test-eks-pr-687-posthog-dev-external-dns",
            "name_prefix": "",
            "path": "/",
            "permissions_boundary": null,
            "tags": {
              "Environment": "dev",
              "ManagedByTerraform": "true"
            },
            "tags_all": {
              "Environment": "dev",
              "ManagedByTerraform": "true"
            },
            "unique_id": "AROASPAP2IQF66O7O3XO2"
          },
          "sensitive_attributes": []
        }
      ]
    },
    {
      "mode": "managed",
      "type": "aws_iam_role",
      "name": "test_eks_pr_750_posthog_dev_aws_load_balancer_controller",
      "provider": "provider[\"registry.terraform.io/hashicorp/aws\"]",
      "instances": [
        {
          "schema_version": 0,
          "attributes": {
            "arn": "arn:aws:iam::169684386827:role/test-eks-pr-750-posthog-dev-aws-load-balancer-controller",
            "assume_role_policy": "{\"Version\": \"2012-10-17\", \"Statement\": [{\"Effect\": \"Allow\", \"Principal\": {\"Federated\": \"arn:aws:iam::169684386827:oidc-provider/oidc.eks.us-east-1.amazonaws.com/id/2F099E7638097C2D1EB9060400DA36B1\"}, \"Action\": \"sts:AssumeRoleWithWebIdentity\", \"Condition\": {\"StringEquals\": {\"oidc.eks.us-east-1.amazonaws.com/id/2F099E7638097C2D1EB9060400DA36B1:sub\": \"system:serviceaccount:kube-system:aws-load-balancer-controller\"}}}]}",
            "create_date": "2022-11-02T20:45:48Z",
            "description": "",
            "force_detach_policies": null,
            "id": "test-eks-pr-750-posthog-dev-aws-load-balancer-controller",
            "inline_policy": [],
            "managed_policy_arns": [
              "arn:aws:iam::169684386827:policy/service/test-eks-pr-750-posthog-dev/test-eks-pr-750-posthog-dev-AWSLoadBalancerControllerGlobalIAMPolicy"
            ],
            "max_session_duration": 3600,
            "name": "test-eks-pr-750-posthog-dev-aws-load-balancer-controller",
            "name_prefix": "",
            "path": "/",
            "permissions_boundary": null,
            "tags": {
              "Environment": "dev",
              "ManagedByTerraform": "true"
            },
            "tags_all": {
              "Environment": "dev",
              "ManagedByTerraform": "true"
            },
            "unique_id": "AROASPAP2IQFQTGZL7LNI"
          },
          "sensitive_attributes": []
        }
      ]
    },
    {
      "mode": "managed",
      "type": "aws_iam_role",
      "name": "test_eks_pr_750_posthog_dev_cluster_20221102203256974100000003",
      "provider": "provider[\"registry.terraform.io/hashicorp/aws\"]",
      "instances": [
        {
          "schema_version": 0,
          "attributes": {
            "arn": "arn:aws:iam::169684386827:role/test-eks-pr-750-posthog-dev-cluster-20221102203256974100000003",
            "assume_role_policy": "{\"Version\": \"2012-10-17\", \"Statement\": [{\"Sid\": \"EKSClusterAssumeRole\", \"Effect\": \"Allow\", \"Principal\": {\"Service\": \"eks.amazonaws.com\"}, \"Action\": \"sts:AssumeRole\"}]}",
            "create_date": "2022-11-02T20:32:57Z",
            "description": "",
            "force_detach_policies": null,
            "id": "test-eks-pr-750-posthog-dev-cluster-20221102203256974100000003",
            "inline_policy": [],
            "managed_policy_arns": [
              "arn:aws:iam::aws:policy/AmazonEKSClusterPolicy",
              "arn:aws:iam::aws:policy/AmazonEKSVPCResourceController"
            ],
            "max_session_duration": 3600,
            "name": "test-eks-pr-750-posthog-dev-cluster-20221102203256974100000003",
            "name_prefix": "test-eks-pr-750-posthog-dev-cluster-",
            "path": "/",
            "permissions_boundary": null,
            "tags": {
              "Environment": "dev",
              "ManagedByTerraform": "true"
            },
            "tags_all": {
              "Environment": "dev",
              "ManagedByTerraform": "true"
            },
            "unique_id": "AROASPAP2IQFSEAXKGW2U"
          },
          "sensitive_attributes": []
        }
      ]
    },
    {
      "mode": "managed",
      "type": "aws_iam_role",
      "name": "test_eks_pr_750_posthog_dev_cluster_autoscaler",
      "provider": "provider[\"registry.terraform.io/hashicorp/aws\"]",
      "instances": [
        {
          "schema_version": 0,
          "attributes": {
            "arn": "arn:aws:iam::169684386827:role/test-eks-pr-750-posthog-dev-cluster-autoscaler",
            "assume_role_policy": "{\"Version\": \"2012-10-17\", \"Statement\": [{\"Effect\": \"Allow\", \"Principal\": {\"Federated\": \"arn:aws:iam::169684386827:oidc-provider/oidc.eks.us-east-1.amazonaws.com/id/2F099E7638097C2D1EB9060400DA36B1\"}, \"Action\": \"sts:AssumeRoleWithWebIdentity\", \"Condition\": {\"StringEquals\": {\"oidc.eks.us-east-1.amazonaws.com/id/2F099E7638097C2D1EB9060400DA36B1:sub\": \"system:serviceaccount:kube-system:cluster-autoscaler\"}}}]}",
            "create_date": "2022-11-02T20:45:49Z",
            "description": "",
            "force_detach_policies": null,
            "id": "test-eks-pr-750-posthog-dev-cluster-autoscaler",
            "inline_policy": [],
            "managed_policy_arns": [
              "arn:aws:iam::169684386827:policy/test-eks-pr-750-posthog-dev-worker-autoscaling2022110220454586770000001d"
            ],
            "max_session_duration": 3600,
            "name": "test-eks-pr-750-posthog-dev-cluster-autoscaler",
            "name_prefix": "",
            "path": "/",
            "permissions_boundary": null,
            "tags": {
              "Environment": "dev",
              "ManagedByTerraform": "true"
            },
            "tags_all": {
              "Environment": "dev",
              "ManagedByTerraform": "true"
            },
            "unique_id": "AROASPAP2IQF3NM3WRZJO"
          },
          "sensitive_attributes": []
        }
      ]
    },
    {
      "mode": "managed",
      "type": "aws_iam_role",
      "name": "test_eks_pr_750_posthog_dev_ebs_csi_driver",
      "provider": "provider[\"registry.terraform.io/hashicorp/aws\"]",
      "instances": [
        {
          "schema_version": 0,
          "attributes": {
            "arn": "arn:aws:iam::169684386827:role/test-eks-pr-750-posthog-dev-ebs-csi-driver",
            "assume_role_policy": "{\"Version\": \"2012-10-17\", \"Statement\": [{\"Effect\": \"Allow\", \"Principal\": {\"Federated\": \"arn:aws:iam::169684386827:oidc-provider/oidc.eks.us-east-1.amazonaws.com/id/2F099E7638097C2D1EB9060400DA36B1\"}, \"Action\": \"sts:AssumeRoleWithWebIdentity\", \"Condition\": {\"StringEquals\": {\"oidc.eks.us-east-1.amazonaws.com/id/2F099E7638097C2D1EB9060400DA36B1:sub\": \"system:serviceaccount:kube-system:ebs-csi-controller-sa\", \"oidc.eks.us-east-1.amazonaws.com/id/2F099E7638097C2D1EB9060400DA36B1:aud\": \"sts.amazonaws.com\"}}}]}",
            "create_date": "2022-11-02T20:45:46Z",
            "description": "",
            "force_detach_policies": null,
            "id": "test-eks-pr-750-posthog-dev-ebs-csi-driver",
            "inline_policy": [],
            "managed_policy_arns": [
              "arn:aws:iam::169684386827:policy/test-eks-pr-750-posthog-dev-ebs-csi-driver20221102204545409600000015",
              "arn:aws:iam::aws:policy/service-role/AmazonEBSCSIDriverPolicy"
            ],
            "max_session_duration": 3600,
            "name": "test-eks-pr-750-posthog-dev-ebs-csi-driver",
            "name_prefix": "",
            "path": "/",
            "permissions_boundary": null,
            "tags": {
              "Environment": "dev",
              "ManagedByTerraform": "true"
            },
            "tags_all": {
              "Environment": "dev",
              "ManagedByTerraform": "true"
            },
            "unique_id": "AROASPAP2IQFTNF52DQSN"
          },
          "sensitive_attributes": []
        }
      ]
    },
    {
      "mode": "managed",
      "type": "aws_iam_role",
      "name": "test_eks_pr_750_posthog_dev_external_dns",
      "provider": "provider[\"registry.terraform.io/hashicorp/aws\"]",
      "instances": [
        {
          "schema_version": 0,
          "attributes": {
            "arn": "arn:aws:iam::169684386827:role/test-eks-pr-750-posthog-dev-external-dns",
            "assume_role_policy": "{\"Version\": \"2012-10-17\", \"Statement\": [{\"Effect\": \"Allow\", \"Principal\": {\"Federated\": \"arn:aws:iam::169684386827:oidc-provider/oidc.eks.us-east-1.amazonaws.com/id/2F099E7638097C2D1EB9060400DA36B1\"}, \"Action\": \"sts:AssumeRoleWithWebIdentity\", \"Condition\": {\"StringEquals\": {\"oidc.eks.us-east-1.amazonaws.com/id/2F099E7638097C2D1EB9060400DA36B1:sub\": \"system:serviceaccount:kube-system:external-dns\"}}}]}",
            "create_date": "2022-11-02T20:45:47Z",
            "description": "",
            "force_detach_policies": null,
            "id": "test-eks-pr-750-posthog-dev-external-dns",
            "inline_policy": [],
            "managed_policy_arns": [
              "arn:aws:iam::169684386827:policy/test-eks-pr-750-posthog-dev-external-dns2022110220454583930000001c"
            ],
            "max_session_duration": 3600,
            "name": "test-eks-pr-750-posthog-dev-external-dns",
            "name_prefix": "",
            "path": "/",
            "permissions_boundary": null,
            "tags": {
              "Environment": "dev",
              "ManagedByTerraform": "true"
            },
            "tags_all": {
              "Environment": "dev",
              "ManagedByTerraform": "true"
            },
            "unique_id": "AROASPAP2IQFXXS64JSPG"
          },
          "sensitive_attributes": []
        }
      ]
    },
    {
      "mode": "managed",
      "type": "aws_iam_role",
      "name": "test_eks_pr_777_posthog_dev_aws_load_balancer_controller",
      "provider": "provider[\"registry.terraform.io/hashicorp/aws\"]",
      "instances": [
        {
          "schema_version": 0,
          "attributes": {
            "arn": "arn:aws:iam::169684386827:role/test-eks-pr-777-posthog-dev-aws-load-balancer-controller",
            "assume_role_policy": "{\"Version\": \"2012-10-17\", \"Statement\": [{\"Effect\": \"Allow\", \"Principal\": {\"Federated\": \"arn:aws:iam::169684386827:oidc-provider/oidc.eks.us-east-1.amazonaws.com/id/7402A303BBBB77B20862CCF35A516DD8\"}, \"Action\": \"sts:AssumeRoleWithWebIdentity\", \"Condition\": {\"StringEquals\": {\"oidc.eks.us-east-1.amazonaws.com/id/7402A303BBBB77B20862CCF35A516DD8:sub\": \"system:serviceaccount:kube-system:aws-load-balancer-controller\"}}}]}",
            "create_date": "2022-11-10T17:35:37Z",
            "description": "",
            "force_detach_policies": null,
            "id": "test-eks-pr-777-posthog-dev-aws-load-balancer-controller",
            "inline_policy": [],
            "managed_policy_arns": [
              "arn:aws:iam::169684386827:policy/service/test-eks-pr-777-posthog-dev/test-eks-pr-777-posthog-dev-AWSLoadBalancerControllerGlobalIAMPolicy"
            ],
            "max_session_duration": 3600,
            "name": "test-eks-pr-777-posthog-dev-aws-load-balancer-controller",
            "name_prefix": "",
            "path": "/",
            "permissions_boundary": null,
            "tags": {
              "Environment": "dev",
              "ManagedByTerraform": "true"
            },
            "tags_all": {
              "Environment": "dev",
              "ManagedByTerraform": "true"
            },
            "unique_id": "AROASPAP2IQFUSN7LIKOS"
          },
          "sensitive_attributes": []
        }
      ]
    },
    {
      "mode": "managed",
      "type": "aws_iam_role",
      "name": "test_eks_pr_777_posthog_dev_cluster_20221110172120366000000001",
      "provider": "provider[\"registry.terraform.io/hashicorp/aws\"]",
      "instances": [
        {
          "schema_version": 0,
          "attributes": {
            "arn": "arn:aws:iam::169684386827:role/test-eks-pr-777-posthog-dev-cluster-20221110172120366000000001",
            "assume_role_policy": "{\"Version\": \"2012-10-17\", \"Statement\": [{\"Sid\": \"EKSClusterAssumeRole\", \"Effect\": \"Allow\", \"Principal\": {\"Service\": \"eks.amazonaws.com\"}, \"Action\": \"sts:AssumeRole\"}]}",
            "create_date": "2022-11-10T17:21:20Z",
            "description": "",
            "force_detach_policies": null,
            "id": "test-eks-pr-777-posthog-dev-cluster-20221110172120366000000001",
            "inline_policy": [],
            "managed_policy_arns": [
              "arn:aws:iam::aws:policy/AmazonEKSClusterPolicy",
              "arn:aws:iam::aws:policy/AmazonEKSVPCResourceController"
            ],
            "max_session_duration": 3600,
            "name": "test-eks-pr-777-posthog-dev-cluster-20221110172120366000000001",
            "name_prefix": "test-eks-pr-777-posthog-dev-cluster-",
            "path": "/",
            "permissions_boundary": null,
            "tags": {
              "Environment": "dev",
              "ManagedByTerraform": "true"
            },
            "tags_all": {
              "Environment": "dev",
              "ManagedByTerraform": "true"
            },
            "unique_id": "AROASPAP2IQFZASYUBLKP"
          },
          "sensitive_attributes": []
        }
      ]
    },
    {
      "mode": "managed",
      "type": "aws_iam_role",
      "name": "test_eks_pr_777_posthog_dev_cluster_autoscaler",
      "provider": "provider[\"registry.terraform.io/hashicorp/aws\"]",
      "instances": [
        {
          "schema_version": 0,
          "attributes": {
            "arn": "arn:aws:iam::169684386827:role/test-eks-pr-777-posthog-dev-cluster-autoscaler",
            "assume_role_policy": "{\"Version\": \"2012-10-17\", \"Statement\": [{\"Effect\": \"Allow\", \"Principal\": {\"Federated\": \"arn:aws:iam::169684386827:oidc-provider/oidc.eks.us-east-1.amazonaws.com/id/7402A303BBBB77B20862CCF35A516DD8\"}, \"Action\": \"sts:AssumeRoleWithWebIdentity\", \"Condition\": {\"StringEquals\": {\"oidc.eks.us-east-1.amazonaws.com/id/7402A303BBBB77B20862CCF35A516DD8:sub\": \"system:serviceaccount:kube-system:cluster-autoscaler\"}}}]}",
            "create_date": "2022-11-10T17:35:39Z",
            "description": "",
            "force_detach_policies": null,
            "id": "test-eks-pr-777-posthog-dev-cluster-autoscaler",
            "inline_policy": [],
            "managed_policy_arns": [
              "arn:aws:iam::169684386827:policy/test-eks-pr-777-posthog-dev-worker-autoscaling2022111017353672430000001d"
            ],
            "max_session_duration": 3600,
            "name": "test-eks-pr-777-posthog-dev-cluster-autoscaler",
            "name_prefix": "",
            "path": "/",
            "permissions_boundary": null,
            "tags": {
              "Environment": "dev",
              "ManagedByTerraform": "true"
            },
            "tags_all": {
              "Environment": "dev",
              "ManagedByTerraform": "true"
            },
            "unique_id": "AROASPAP2IQFULPD2H5FV"
          },
          "sensitive_attributes": []
        }
      ]
    },
    {
      "mode": "managed",
      "type": "aws_iam_role",
      "name": "test_eks_pr_777_posthog_dev_ebs_csi_driver",
      "provider": "provider[\"registry.terraform.io/hashicorp/aws\"]",
      "instances": [
        {
          "schema_version": 0,
          "attributes": {
            "arn": "arn:aws:iam::169684386827:role/test-eks-pr-777-posthog-dev-ebs-csi-driver",
            "assume_role_policy": "{\"Version\": \"2012-10-17\", \"Statement\": [{\"Effect\": \"Allow\", \"Principal\": {\"Federated\": \"arn:aws:iam::169684386827:oidc-provider/oidc.eks.us-east-1.amazonaws.com/id/7402A303BBBB77B20862CCF35A516DD8\"}, \"Action\": \"sts:AssumeRoleWithWebIdentity\", \"Condition\": {\"StringEquals\": {\"oidc.eks.us-east-1.amazonaws.com/id/7402A303BBBB77B20862CCF35A516DD8:aud\": \"sts.amazonaws.com\", \"oidc.eks.us-east-1.amazonaws.com/id/7402A303BBBB77B20862CCF35A516DD8:sub\": \"system:serviceaccount:kube-system:ebs-csi-controller-sa\"}}}]}",
            "create_date": "2022-11-10T17:35:38Z",
            "description": "",
            "force_detach_policies": null,
            "id": "test-eks-pr-777-posthog-dev-ebs-csi-driver",
            "inline_policy": [],
            "managed_policy_arns": [
              "arn:aws:iam::169684386827:policy/test-eks-pr-777-posthog-dev-ebs-csi-driver20221110173536375100000015",
              "arn:aws:iam::aws:policy/service-role/AmazonEBSCSIDriverPolicy"
            ],
            "max_session_duration": 3600,
            "name": "test-eks-pr-777-posthog-dev-ebs-csi-driver",
            "name_prefix": "",
            "path": "/",
            "permissions_boundary": null,
            "tags": {
              "Environment": "dev",
              "ManagedByTerraform": "true"
            },
            "tags_all": {
              "Environment": "dev",
              "ManagedByTerraform": "true"
            },
            "unique_id": "AROASPAP2IQFX37PRI2FB"
          },
          "sensitive_attributes": []
        }
      ]
    },
    {
      "mode": "managed",
      "type": "aws_iam_role",
      "name": "test_eks_pr_777_posthog_dev_external_dns",
      "provider": "provider[\"registry.terraform.io/hashicorp/aws\"]",
      "instances": [
        {
          "schema_version": 0,
          "attributes": {
            "arn": "arn:aws:iam::169684386827:role/test-eks-pr-777-posthog-dev-external-dns",
            "assume_role_policy": "{\"Version\": \"2012-10-17\", \"Statement\": [{\"Effect\": \"Allow\", \"Principal\": {\"Federated\": \"arn:aws:iam::169684386827:oidc-provider/oidc.eks.us-east-1.amazonaws.com/id/7402A303BBBB77B20862CCF35A516DD8\"}, \"Action\": \"sts:AssumeRoleWithWebIdentity\", \"Condition\": {\"StringEquals\": {\"oidc.eks.us-east-1.amazonaws.com/id/7402A303BBBB77B20862CCF35A516DD8:sub\": \"system:serviceaccount:kube-system:external-dns\"}}}]}",
            "create_date": "2022-11-10T17:35:39Z",
            "description": "",
            "force_detach_policies": null,
            "id": "test-eks-pr-777-posthog-dev-external-dns",
            "inline_policy": [],
            "managed_policy_arns": [
              "arn:aws:iam::169684386827:policy/test-eks-pr-777-posthog-dev-external-dns2022111017353662040000001c"
            ],
            "max_session_duration": 3600,
            "name": "test-eks-pr-777-posthog-dev-external-dns",
            "name_prefix": "",
            "path": "/",
            "permissions_boundary": null,
            "tags": {
              "Environment": "dev",
              "ManagedByTerraform": "true"
            },
            "tags_all": {
              "Environment": "dev",
              "ManagedByTerraform": "true"
            },
            "unique_id": "AROASPAP2IQFUSWLKJPV2"
          },
          "sensitive_attributes": []
        }
      ]
    },
    {
      "mode": "managed",
      "type": "aws_iam_role",
      "name": "test_eks_pr_788_posthog_dev_cluster_20221115143713688800000002",
      "provider": "provider[\"registry.terraform.io/hashicorp/aws\"]",
      "instances": [
        {
          "schema_version": 0,
          "attributes": {
            "arn": "arn:aws:iam::169684386827:role/test-eks-pr-788-posthog-dev-cluster-20221115143713688800000002",
            "assume_role_policy": "{\"Version\": \"2012-10-17\", \"Statement\": [{\"Sid\": \"EKSClusterAssumeRole\", \"Effect\": \"Allow\", \"Principal\": {\"Service\": \"eks.amazonaws.com\"}, \"Action\": \"sts:AssumeRole\"}]}",
            "create_date": "2022-11-15T14:37:13Z",
            "description": "",
            "force_detach_policies": null,
            "id": "test-eks-pr-788-posthog-dev-cluster-20221115143713688800000002",
            "inline_policy": [],
            "managed_policy_arns": [
              "arn:aws:iam::aws:policy/AmazonEKSClusterPolicy",
              "arn:aws:iam::aws:policy/AmazonEKSVPCResourceController"
            ],
            "max_session_duration": 3600,
            "name": "test-eks-pr-788-posthog-dev-cluster-20221115143713688800000002",
            "name_prefix": "test-eks-pr-788-posthog-dev-cluster-",
            "path": "/",
            "permissions_boundary": null,
            "tags": {
              "Environment": "dev",
              "ManagedByTerraform": "true"
            },
            "tags_all": {
              "Environment": "dev",
              "ManagedByTerraform": "true"
            },
            "unique_id": "AROASPAP2IQFWXM3VZHY6"
          },
          "sensitive_attributes": []
        }
      ]
    },
    {
      "mode": "managed",
      "type": "aws_iam_role",
      "name": "test_eks_pr_788_posthog_dev_ebs_csi_driver",
      "provider": "provider[\"registry.terraform.io/hashicorp/aws\"]",
      "instances": [
        {
          "schema_version": 0,
          "attributes": {
            "arn": "arn:aws:iam::169684386827:role/test-eks-pr-788-posthog-dev-ebs-csi-driver",
            "assume_role_policy": "{\"Version\": \"2012-10-17\", \"Statement\": [{\"Effect\": \"Allow\", \"Principal\": {\"Federated\": \"arn:aws:iam::169684386827:oidc-provider/oidc.eks.us-east-1.amazonaws.com/id/FC2CFEE911E543667E4C4BC09DECC7E9\"}, \"Action\": \"sts:AssumeRoleWithWebIdentity\", \"Condition\": {\"StringEquals\": {\"oidc.eks.us-east-1.amazonaws.com/id/FC2CFEE911E543667E4C4BC09DECC7E9:sub\": \"system:serviceaccount:kube-system:ebs-csi-controller-sa\", \"oidc.eks.us-east-1.amazonaws.com/id/FC2CFEE911E543667E4C4BC09DECC7E9:aud\": \"sts.amazonaws.com\"}}}]}",
            "create_date": "2022-11-15T14:50:43Z",
            "description": "",
            "force_detach_policies": null,
            "id": "test-eks-pr-788-posthog-dev-ebs-csi-driver",
            "inline_policy": [],
            "managed_policy_arns": [],
            "max_session_duration": 3600,
            "name": "test-eks-pr-788-posthog-dev-ebs-csi-driver",
            "name_prefix": "",
            "path": "/",
            "permissions_boundary": null,
            "tags": {
              "Environment": "dev",
              "ManagedByTerraform": "true"
            },
            "tags_all": {
              "Environment": "dev",
              "ManagedByTerraform": "true"
            },
            "unique_id": "AROASPAP2IQF2KFPPEEI4"
          },
          "sensitive_attributes": []
        }
      ]
    },
    {
      "mode": "managed",
      "type": "aws_iam_role",
      "name": "test_eks_pr_993_posthog_dev_aws_load_balancer_controller",
      "provider": "provider[\"registry.terraform.io/hashicorp/aws\"]",
      "instances": [
        {
          "schema_version": 0,
          "attributes": {
            "arn": "arn:aws:iam::169684386827:role/test-eks-pr-993-posthog-dev-aws-load-balancer-controller",
            "assume_role_policy": "{\"Version\": \"2012-10-17\", \"Statement\": [{\"Effect\": \"Allow\", \"Principal\": {\"Federated\": \"arn:aws:iam::169684386827:oidc-provider/oidc.eks.us-east-1.amazonaws.com/id/977BC6DA2360F1DBAC05750DCEB6EC85\"}, \"Action\": \"sts:AssumeRoleWithWebIdentity\", \"Condition\": {\"StringEquals\": {\"oidc.eks.us-east-1.amazonaws.com/id/977BC6DA2360F1DBAC05750DCEB6EC85:sub\": \"system:serviceaccount:kube-system:aws-load-balancer-controller\"}}}]}",
            "create_date": "2023-01-24T16:09:38Z",
            "description": "",
            "force_detach_policies": null,
            "id": "test-eks-pr-993-posthog-dev-aws-load-balancer-controller",
            "inline_policy": [],
            "managed_policy_arns": [
              "arn:aws:iam::169684386827:policy/service/test-eks-pr-993-posthog-dev/test-eks-pr-993-posthog-dev-AWSLoadBalancerControllerGlobalIAMPolicy"
            ],
            "max_session_duration": 3600,
            "name": "test-eks-pr-993-posthog-dev-aws-load-balancer-controller",
            "name_prefix": "",
            "path": "/",
            "permissions_boundary": null,
            "tags": {
              "Environment": "dev",
              "ManagedByTerraform": "true"
            },
            "tags_all": {
              "Environment": "dev",
              "ManagedByTerraform": "true"
            },
            "unique_id": "AROASPAP2IQF33SZZAUHH"
          },
          "sensitive_attributes": []
        }
      ]
    },
    {
      "mode": "managed",
      "type": "aws_iam_role",
      "name": "test_eks_pr_993_posthog_dev_cluster_20230124155745013700000002",
      "provider": "provider[\"registry.terraform.io/hashicorp/aws\"]",
      "instances": [
        {
          "schema_version": 0,
          "attributes": {
            "arn": "arn:aws:iam::169684386827:role/test-eks-pr-993-posthog-dev-cluster-20230124155745013700000002",
            "assume_role_policy": "{\"Version\": \"2012-10-17\", \"Statement\": [{\"Sid\": \"EKSClusterAssumeRole\", \"Effect\": \"Allow\", \"Principal\": {\"Service\": \"eks.amazonaws.com\"}, \"Action\": \"sts:AssumeRole\"}]}",
            "create_date": "2023-01-24T15:57:45Z",
            "description": "",
            "force_detach_policies": null,
            "id": "test-eks-pr-993-posthog-dev-cluster-20230124155745013700000002",
            "inline_policy": [],
            "managed_policy_arns": [
              "arn:aws:iam::aws:policy/AmazonEKSClusterPolicy",
              "arn:aws:iam::aws:policy/AmazonEKSVPCResourceController"
            ],
            "max_session_duration": 3600,
            "name": "test-eks-pr-993-posthog-dev-cluster-20230124155745013700000002",
            "name_prefix": "test-eks-pr-993-posthog-dev-cluster-",
            "path": "/",
            "permissions_boundary": null,
            "tags": {
              "Environment": "dev",
              "ManagedByTerraform": "true"
            },
            "tags_all": {
              "Environment": "dev",
              "ManagedByTerraform": "true"
            },
            "unique_id": "AROASPAP2IQFXY3LL4TVX"
          },
          "sensitive_attributes": []
        }
      ]
    },
    {
      "mode": "managed",
      "type": "aws_iam_role",
      "name": "test_eks_pr_993_posthog_dev_cluster_autoscaler",
      "provider": "provider[\"registry.terraform.io/hashicorp/aws\"]",
      "instances": [
        {
          "schema_version": 0,
          "attributes": {
            "arn": "arn:aws:iam::169684386827:role/test-eks-pr-993-posthog-dev-cluster-autoscaler",
            "assume_role_policy": "{\"Version\": \"2012-10-17\", \"Statement\": [{\"Effect\": \"Allow\", \"Principal\": {\"Federated\": \"arn:aws:iam::169684386827:oidc-provider/oidc.eks.us-east-1.amazonaws.com/id/977BC6DA2360F1DBAC05750DCEB6EC85\"}, \"Action\": \"sts:AssumeRoleWithWebIdentity\", \"Condition\": {\"StringEquals\": {\"oidc.eks.us-east-1.amazonaws.com/id/977BC6DA2360F1DBAC05750DCEB6EC85:sub\": \"system:serviceaccount:kube-system:cluster-autoscaler\"}}}]}",
            "create_date": "2023-01-24T16:09:38Z",
            "description": "",
            "force_detach_policies": null,
            "id": "test-eks-pr-993-posthog-dev-cluster-autoscaler",
            "inline_policy": [],
            "managed_policy_arns": [
              "arn:aws:iam::169684386827:policy/test-eks-pr-993-posthog-dev-worker-autoscaling20230124160938416600000032"
            ],
            "max_session_duration": 3600,
            "name": "test-eks-pr-993-posthog-dev-cluster-autoscaler",
            "name_prefix": "",
            "path": "/",
            "permissions_boundary": null,
            "tags": {
              "Environment": "dev",
              "ManagedByTerraform": "true"
            },
            "tags_all": {
              "Environment": "dev",
              "ManagedByTerraform": "true"
            },
            "unique_id": "AROASPAP2IQF3O5EJNH5B"
          },
          "sensitive_attributes": []
        }
      ]
    },
    {
      "mode": "managed",
      "type": "aws_iam_role",
      "name": "test_eks_pr_993_posthog_dev_ebs_csi_driver",
      "provider": "provider[\"registry.terraform.io/hashicorp/aws\"]",
      "instances": [
        {
          "schema_version": 0,
          "attributes": {
            "arn": "arn:aws:iam::169684386827:role/test-eks-pr-993-posthog-dev-ebs-csi-driver",
            "assume_role_policy": "{\"Version\": \"2012-10-17\", \"Statement\": [{\"Effect\": \"Allow\", \"Principal\": {\"Federated\": \"arn:aws:iam::169684386827:oidc-provider/oidc.eks.us-east-1.amazonaws.com/id/977BC6DA2360F1DBAC05750DCEB6EC85\"}, \"Action\": \"sts:AssumeRoleWithWebIdentity\", \"Condition\": {\"StringEquals\": {\"oidc.eks.us-east-1.amazonaws.com/id/977BC6DA2360F1DBAC05750DCEB6EC85:aud\": \"sts.amazonaws.com\", \"oidc.eks.us-east-1.amazonaws.com/id/977BC6DA2360F1DBAC05750DCEB6EC85:sub\": \"system:serviceaccount:kube-system:ebs-csi-controller-sa\"}}}]}",
            "create_date": "2023-01-24T16:09:38Z",
            "description": "",
            "force_detach_policies": null,
            "id": "test-eks-pr-993-posthog-dev-ebs-csi-driver",
            "inline_policy": [],
            "managed_policy_arns": [
              "arn:aws:iam::169684386827:policy/test-eks-pr-993-posthog-dev-ebs-csi-driver20230124160937644100000024",
              "arn:aws:iam::aws:policy/service-role/AmazonEBSCSIDriverPolicy"
            ],
            "max_session_duration": 3600,
            "name": "test-eks-pr-993-posthog-dev-ebs-csi-driver",
            "name_prefix": "",
            "path": "/",
            "permissions_boundary": null,
            "tags": {
              "Environment": "dev",
              "ManagedByTerraform": "true"
            },
            "tags_all": {
              "Environment": "dev",
              "ManagedByTerraform": "true"
            },
            "unique_id": "AROASPAP2IQF5DUS2Q2QX"
          },
          "sensitive_attributes": []
        }
      ]
    },
    {
      "mode": "managed",
      "type": "aws_iam_role",
      "name": "test_eks_pr_993_posthog_dev_external_dns",
      "provider": "provider[\"registry.terraform.io/hashicorp/aws\"]",
      "instances": [
        {
          "schema_version": 0,
          "attributes": {
            "arn": "arn:aws:iam::169684386827:role/test-eks-pr-993-posthog-dev-external-dns",
            "assume_role_policy": "{\"Version\": \"2012-10-17\", \"Statement\": [{\"Effect\": \"Allow\", \"Principal\": {\"Federated\": \"arn:aws:iam::169684386827:oidc-provider/oidc.eks.us-east-1.amazonaws.com/id/977BC6DA2360F1DBAC05750DCEB6EC85\"}, \"Action\": \"sts:AssumeRoleWithWebIdentity\", \"Condition\": {\"StringEquals\": {\"oidc.eks.us-east-1.amazonaws.com/id/977BC6DA2360F1DBAC05750DCEB6EC85:sub\": \"system:serviceaccount:kube-system:external-dns\"}}}]}",
            "create_date": "2023-01-24T16:09:38Z",
            "description": "",
            "force_detach_policies": null,
            "id": "test-eks-pr-993-posthog-dev-external-dns",
            "inline_policy": [],
            "managed_policy_arns": [
              "arn:aws:iam::169684386827:policy/test-eks-pr-993-posthog-dev-external-dns20230124160938054400000031"
            ],
            "max_session_duration": 3600,
            "name": "test-eks-pr-993-posthog-dev-external-dns",
            "name_prefix": "",
            "path": "/",
            "permissions_boundary": null,
            "tags": {
              "Environment": "dev",
              "ManagedByTerraform": "true"
            },
            "tags_all": {
              "Environment": "dev",
              "ManagedByTerraform": "true"
            },
            "unique_id": "AROASPAP2IQFXXQKHPATB"
          },
          "sensitive_attributes": []
        }
      ]
    },
    {
      "mode": "managed",
      "type": "aws_iam_role",
      "name": "update_remote_servers_role",
      "provider": "provider[\"registry.terraform.io/hashicorp/aws\"]",
      "instances": [
        {
          "schema_version": 0,
          "attributes": {
            "arn": "arn:aws:iam::169684386827:role/update_remote_servers_role",
            "assume_role_policy": "{\"Version\": \"2012-10-17\", \"Statement\": [{\"Sid\": \"\", \"Effect\": \"Allow\", \"Principal\": {\"Service\": \"lambda.amazonaws.com\"}, \"Action\": \"sts:AssumeRole\"}]}",
            "create_date": "2022-06-08T07:39:35Z",
            "description": "",
            "force_detach_policies": null,
            "id": "update_remote_servers_role",
            "inline_policy": [
              {
                "name": "attach-to-network",
                "policy": "{\"Version\":\"2012-10-17\",\"Statement\":[{\"Action\":[\"ec2:DescribeNetworkInterfaces\",\"ec2:CreateNetworkInterface\",\"ec2:DeleteNetworkInterface\",\"ec2:DescribeInstances\",\"ec2:AttachNetworkInterface\"],\"Effect\":\"Allow\",\"Resource\":\"*\",\"Sid\":\"VpcOperations\"},{\"Action\":[\"ec2:DescribeInstances\"],\"Effect\":\"Allow\",\"Resource\":\"*\",\"Sid\":\"InstanceOperations\"},{\"Action\":[\"secretsmanager:GetSecretValue\"],\"Effect\":\"Allow\",\"Resource\":[\"arn:aws:secretsmanager:us-east-1:169684386827:secret:internal_password-sqppaQ\"],\"Sid\":\"GetClickHousePassword\"}]}"
              }
            ],
            "managed_policy_arns": [],
            "max_session_duration": 3600,
            "name": "update_remote_servers_role",
            "name_prefix": "",
            "path": "/",
            "permissions_boundary": null,
            "tags": {
              "Environment": "dev",
              "ManagedByTerraform": "true",
              "Region": "us-east-1"
            },
            "tags_all": {
              "Environment": "dev",
              "ManagedByTerraform": "true",
              "Region": "us-east-1"
            },
            "unique_id": "AROASPAP2IQFWEI6PNMQI"
          },
          "sensitive_attributes": []
        }
      ]
    },
    {
      "mode": "managed",
      "type": "aws_iam_role_policy",
      "name": "AWS_QuickSetup_HostMgmtRole_ap_northeast_1_j1ic5_AWS_QuickSetup_SSMHostMgmt_CreateAndAttachRoleInlinePolicy_ap_northeast_1_j1ic5",
      "provider": "provider[\"registry.terraform.io/hashicorp/aws\"]",
      "instances": [
        {
          "schema_version": 0,
          "attributes": {
            "id": "AWS-QuickSetup-HostMgmtRole-ap-northeast-1-j1ic5:AWS-QuickSetup-SSMHostMgmt-CreateAndAttachRoleInlinePolicy-ap-northeast-1-j1ic5",
            "name": "AWS-QuickSetup-SSMHostMgmt-CreateAndAttachRoleInlinePolicy-ap-northeast-1-j1ic5",
            "name_prefix": null,
            "policy": "{\"Version\": \"2012-10-17\", \"Statement\": [{\"Action\": [\"ssm:GetAutomationExecution\", \"ec2:DescribeIamInstanceProfileAssociations\", \"ec2:DisassociateIamInstanceProfile\", \"ec2:DescribeInstances\", \"ssm:StartAutomationExecution\", \"iam:GetInstanceProfile\", \"iam:ListInstanceProfilesForRole\"], \"Resource\": \"*\", \"Effect\": \"Allow\"}, {\"Condition\": {\"ArnEquals\": {\"iam:PolicyARN\": [\"arn:aws:iam::aws:policy/AmazonSSMManagedInstanceCore\", \"arn:aws:iam::aws:policy/AmazonSSMPatchAssociation\"]}}, \"Action\": [\"iam:AttachRolePolicy\"], \"Resource\": [\"*\"], \"Effect\": \"Allow\"}, {\"Action\": [\"iam:AddRoleToInstanceProfile\"], \"Resource\": [\"arn:aws:iam::169684386827:instance-profile/AmazonSSMRoleForInstancesQuickSetup\"], \"Effect\": \"Allow\"}, {\"Condition\": {\"StringEquals\": {\"ec2:NewInstanceProfile\": \"arn:aws:iam::169684386827:instance-profile/AmazonSSMRoleForInstancesQuickSetup\"}}, \"Action\": [\"ec2:AssociateIamInstanceProfile\"], \"Resource\": \"*\", \"Effect\": \"Allow\"}, {\"Action\": [\"iam:CreateInstanceProfile\"], \"Resource\": [\"arn:aws:iam::169684386827:instance-profile/AmazonSSMRoleForInstancesQuickSetup\"], \"Effect\": \"Allow\"}, {\"Action\": [\"iam:GetRole\"], \"Resource\": [\"arn:aws:iam::169684386827:role/AmazonSSMRoleForInstancesQuickSetup\", \"arn:aws:iam::169684386827:role/AWS-QuickSetup-HostMgmtRole-ap-northeast-1-j1ic5\"], \"Effect\": \"Allow\"}, {\"Condition\": {\"StringEquals\": {\"iam:PassedToService\": [\"ec2.amazonaws.com\"]}}, \"Action\": [\"iam:PassRole\"], \"Resource\": [\"arn:aws:iam::169684386827:role/AmazonSSMRoleForInstancesQuickSetup\"], \"Effect\": \"Allow\"}, {\"Condition\": {\"StringEquals\": {\"iam:PassedToService\": [\"ssm.amazonaws.com\"]}}, \"Action\": [\"iam:PassRole\"], \"Resource\": [\"arn:aws:iam::169684386827:role/AWS-QuickSetup-HostMgmtRole-ap-northeast-1-j1ic5\"], \"Effect\": \"Allow\"}, {\"Action\": [\"iam:CreateRole\"], \"Resource\": [\"arn:aws:iam::169684386827:role/AmazonSSMRoleForInstancesQuickSetup\"], \"Effect\": \"Allow\"}]}",
            "role": "AWS-QuickSetup-HostMgmtRole-ap-northeast-1-j1ic5"
          },
          "sensitive_attributes": []
        }
      ]
    },
    {
      "mode": "managed",
      "type": "aws_iam_role_policy",
      "name": "AWS_QuickSetup_HostMgmtRole_ap_northeast_1_j1ic5_SSMQuickSetupEnableExplorerInlinePolicy",
      "provider": "provider[\"registry.terraform.io/hashicorp/aws\"]",
      "instances": [
        {
          "schema_version": 0,
          "attributes": {
            "id": "AWS-QuickSetup-HostMgmtRole-ap-northeast-1-j1ic5:SSMQuickSetupEnableExplorerInlinePolicy",
            "name": "SSMQuickSetupEnableExplorerInlinePolicy",
            "name_prefix": null,
            "policy": "{\"Version\": \"2012-10-17\", \"Statement\": [{\"Action\": [\"iam:ListRoles\", \"config:DescribeConfigurationRecorders\", \"compute-optimizer:GetEnrollmentStatus\", \"support:DescribeTrustedAdvisorChecks\"], \"Resource\": \"*\", \"Effect\": \"Allow\"}, {\"Action\": [\"ssm:UpdateServiceSetting\", \"ssm:GetServiceSetting\"], \"Resource\": [\"arn:aws:ssm:*:*:servicesetting/ssm/opsitem/ssm-patchmanager\", \"arn:aws:ssm:*:*:servicesetting/ssm/opsitem/EC2\", \"arn:aws:ssm:*:*:servicesetting/ssm/opsdata/ExplorerOnboarded\", \"arn:aws:ssm:*:*:servicesetting/ssm/opsdata/Association\", \"arn:aws:ssm:*:*:servicesetting/ssm/opsdata/ComputeOptimizer\", \"arn:aws:ssm:*:*:servicesetting/ssm/opsdata/ConfigCompliance\", \"arn:aws:ssm:*:*:servicesetting/ssm/opsdata/OpsData-TrustedAdvisor\", \"arn:aws:ssm:*:*:servicesetting/ssm/opsdata/SupportCenterCase\"], \"Effect\": \"Allow\"}, {\"Condition\": {\"StringEquals\": {\"iam:AWSServiceName\": \"ssm.amazonaws.com\"}}, \"Action\": [\"iam:CreateServiceLinkedRole\"], \"Resource\": \"arn:aws:iam::*:role/aws-service-role/ssm.amazonaws.com/AWSServiceRoleForAmazonSSM\", \"Effect\": \"Allow\"}]}",
            "role": "AWS-QuickSetup-HostMgmtRole-ap-northeast-1-j1ic5"
          },
          "sensitive_attributes": []
        }
      ]
    },
    {
      "mode": "managed",
      "type": "aws_iam_role_policy",
      "name": "AWS_QuickSetup_HostMgmtRole_ap_northeast_2_j1ic5_AWS_QuickSetup_SSMHostMgmt_CreateAndAttachRoleInlinePolicy_ap_northeast_2_j1ic5",
      "provider": "provider[\"registry.terraform.io/hashicorp/aws\"]",
      "instances": [
        {
          "schema_version": 0,
          "attributes": {
            "id": "AWS-QuickSetup-HostMgmtRole-ap-northeast-2-j1ic5:AWS-QuickSetup-SSMHostMgmt-CreateAndAttachRoleInlinePolicy-ap-northeast-2-j1ic5",
            "name": "AWS-QuickSetup-SSMHostMgmt-CreateAndAttachRoleInlinePolicy-ap-northeast-2-j1ic5",
            "name_prefix": null,
            "policy": "{\"Version\": \"2012-10-17\", \"Statement\": [{\"Action\": [\"ssm:GetAutomationExecution\", \"ec2:DescribeIamInstanceProfileAssociations\", \"ec2:DisassociateIamInstanceProfile\", \"ec2:DescribeInstances\", \"ssm:StartAutomationExecution\", \"iam:GetInstanceProfile\", \"iam:ListInstanceProfilesForRole\"], \"Resource\": \"*\", \"Effect\": \"Allow\"}, {\"Condition\": {\"ArnEquals\": {\"iam:PolicyARN\": [\"arn:aws:iam::aws:policy/AmazonSSMManagedInstanceCore\", \"arn:aws:iam::aws:policy/AmazonSSMPatchAssociation\"]}}, \"Action\": [\"iam:AttachRolePolicy\"], \"Resource\": [\"*\"], \"Effect\": \"Allow\"}, {\"Action\": [\"iam:AddRoleToInstanceProfile\"], \"Resource\": [\"arn:aws:iam::169684386827:instance-profile/AmazonSSMRoleForInstancesQuickSetup\"], \"Effect\": \"Allow\"}, {\"Condition\": {\"StringEquals\": {\"ec2:NewInstanceProfile\": \"arn:aws:iam::169684386827:instance-profile/AmazonSSMRoleForInstancesQuickSetup\"}}, \"Action\": [\"ec2:AssociateIamInstanceProfile\"], \"Resource\": \"*\", \"Effect\": \"Allow\"}, {\"Action\": [\"iam:CreateInstanceProfile\"], \"Resource\": [\"arn:aws:iam::169684386827:instance-profile/AmazonSSMRoleForInstancesQuickSetup\"], \"Effect\": \"Allow\"}, {\"Action\": [\"iam:GetRole\"], \"Resource\": [\"arn:aws:iam::169684386827:role/AmazonSSMRoleForInstancesQuickSetup\", \"arn:aws:iam::169684386827:role/AWS-QuickSetup-HostMgmtRole-ap-northeast-2-j1ic5\"], \"Effect\": \"Allow\"}, {\"Condition\": {\"StringEquals\": {\"iam:PassedToService\": [\"ec2.amazonaws.com\"]}}, \"Action\": [\"iam:PassRole\"], \"Resource\": [\"arn:aws:iam::169684386827:role/AmazonSSMRoleForInstancesQuickSetup\"], \"Effect\": \"Allow\"}, {\"Condition\": {\"StringEquals\": {\"iam:PassedToService\": [\"ssm.amazonaws.com\"]}}, \"Action\": [\"iam:PassRole\"], \"Resource\": [\"arn:aws:iam::169684386827:role/AWS-QuickSetup-HostMgmtRole-ap-northeast-2-j1ic5\"], \"Effect\": \"Allow\"}, {\"Action\": [\"iam:CreateRole\"], \"Resource\": [\"arn:aws:iam::169684386827:role/AmazonSSMRoleForInstancesQuickSetup\"], \"Effect\": \"Allow\"}]}",
            "role": "AWS-QuickSetup-HostMgmtRole-ap-northeast-2-j1ic5"
          },
          "sensitive_attributes": []
        }
      ]
    },
    {
      "mode": "managed",
      "type": "aws_iam_role_policy",
      "name": "AWS_QuickSetup_HostMgmtRole_ap_northeast_2_j1ic5_SSMQuickSetupEnableExplorerInlinePolicy",
      "provider": "provider[\"registry.terraform.io/hashicorp/aws\"]",
      "instances": [
        {
          "schema_version": 0,
          "attributes": {
            "id": "AWS-QuickSetup-HostMgmtRole-ap-northeast-2-j1ic5:SSMQuickSetupEnableExplorerInlinePolicy",
            "name": "SSMQuickSetupEnableExplorerInlinePolicy",
            "name_prefix": null,
            "policy": "{\"Version\": \"2012-10-17\", \"Statement\": [{\"Action\": [\"iam:ListRoles\", \"config:DescribeConfigurationRecorders\", \"compute-optimizer:GetEnrollmentStatus\", \"support:DescribeTrustedAdvisorChecks\"], \"Resource\": \"*\", \"Effect\": \"Allow\"}, {\"Action\": [\"ssm:UpdateServiceSetting\", \"ssm:GetServiceSetting\"], \"Resource\": [\"arn:aws:ssm:*:*:servicesetting/ssm/opsitem/ssm-patchmanager\", \"arn:aws:ssm:*:*:servicesetting/ssm/opsitem/EC2\", \"arn:aws:ssm:*:*:servicesetting/ssm/opsdata/ExplorerOnboarded\", \"arn:aws:ssm:*:*:servicesetting/ssm/opsdata/Association\", \"arn:aws:ssm:*:*:servicesetting/ssm/opsdata/ComputeOptimizer\", \"arn:aws:ssm:*:*:servicesetting/ssm/opsdata/ConfigCompliance\", \"arn:aws:ssm:*:*:servicesetting/ssm/opsdata/OpsData-TrustedAdvisor\", \"arn:aws:ssm:*:*:servicesetting/ssm/opsdata/SupportCenterCase\"], \"Effect\": \"Allow\"}, {\"Condition\": {\"StringEquals\": {\"iam:AWSServiceName\": \"ssm.amazonaws.com\"}}, \"Action\": [\"iam:CreateServiceLinkedRole\"], \"Resource\": \"arn:aws:iam::*:role/aws-service-role/ssm.amazonaws.com/AWSServiceRoleForAmazonSSM\", \"Effect\": \"Allow\"}]}",
            "role": "AWS-QuickSetup-HostMgmtRole-ap-northeast-2-j1ic5"
          },
          "sensitive_attributes": []
        }
      ]
    },
    {
      "mode": "managed",
      "type": "aws_iam_role_policy",
      "name": "AWS_QuickSetup_HostMgmtRole_ap_south_1_j1ic5_AWS_QuickSetup_SSMHostMgmt_CreateAndAttachRoleInlinePolicy_ap_south_1_j1ic5",
      "provider": "provider[\"registry.terraform.io/hashicorp/aws\"]",
      "instances": [
        {
          "schema_version": 0,
          "attributes": {
            "id": "AWS-QuickSetup-HostMgmtRole-ap-south-1-j1ic5:AWS-QuickSetup-SSMHostMgmt-CreateAndAttachRoleInlinePolicy-ap-south-1-j1ic5",
            "name": "AWS-QuickSetup-SSMHostMgmt-CreateAndAttachRoleInlinePolicy-ap-south-1-j1ic5",
            "name_prefix": null,
            "policy": "{\"Version\": \"2012-10-17\", \"Statement\": [{\"Action\": [\"ssm:GetAutomationExecution\", \"ec2:DescribeIamInstanceProfileAssociations\", \"ec2:DisassociateIamInstanceProfile\", \"ec2:DescribeInstances\", \"ssm:StartAutomationExecution\", \"iam:GetInstanceProfile\", \"iam:ListInstanceProfilesForRole\"], \"Resource\": \"*\", \"Effect\": \"Allow\"}, {\"Condition\": {\"ArnEquals\": {\"iam:PolicyARN\": [\"arn:aws:iam::aws:policy/AmazonSSMManagedInstanceCore\", \"arn:aws:iam::aws:policy/AmazonSSMPatchAssociation\"]}}, \"Action\": [\"iam:AttachRolePolicy\"], \"Resource\": [\"*\"], \"Effect\": \"Allow\"}, {\"Action\": [\"iam:AddRoleToInstanceProfile\"], \"Resource\": [\"arn:aws:iam::169684386827:instance-profile/AmazonSSMRoleForInstancesQuickSetup\"], \"Effect\": \"Allow\"}, {\"Condition\": {\"StringEquals\": {\"ec2:NewInstanceProfile\": \"arn:aws:iam::169684386827:instance-profile/AmazonSSMRoleForInstancesQuickSetup\"}}, \"Action\": [\"ec2:AssociateIamInstanceProfile\"], \"Resource\": \"*\", \"Effect\": \"Allow\"}, {\"Action\": [\"iam:CreateInstanceProfile\"], \"Resource\": [\"arn:aws:iam::169684386827:instance-profile/AmazonSSMRoleForInstancesQuickSetup\"], \"Effect\": \"Allow\"}, {\"Action\": [\"iam:GetRole\"], \"Resource\": [\"arn:aws:iam::169684386827:role/AmazonSSMRoleForInstancesQuickSetup\", \"arn:aws:iam::169684386827:role/AWS-QuickSetup-HostMgmtRole-ap-south-1-j1ic5\"], \"Effect\": \"Allow\"}, {\"Condition\": {\"StringEquals\": {\"iam:PassedToService\": [\"ec2.amazonaws.com\"]}}, \"Action\": [\"iam:PassRole\"], \"Resource\": [\"arn:aws:iam::169684386827:role/AmazonSSMRoleForInstancesQuickSetup\"], \"Effect\": \"Allow\"}, {\"Condition\": {\"StringEquals\": {\"iam:PassedToService\": [\"ssm.amazonaws.com\"]}}, \"Action\": [\"iam:PassRole\"], \"Resource\": [\"arn:aws:iam::169684386827:role/AWS-QuickSetup-HostMgmtRole-ap-south-1-j1ic5\"], \"Effect\": \"Allow\"}, {\"Action\": [\"iam:CreateRole\"], \"Resource\": [\"arn:aws:iam::169684386827:role/AmazonSSMRoleForInstancesQuickSetup\"], \"Effect\": \"Allow\"}]}",
            "role": "AWS-QuickSetup-HostMgmtRole-ap-south-1-j1ic5"
          },
          "sensitive_attributes": []
        }
      ]
    },
    {
      "mode": "managed",
      "type": "aws_iam_role_policy",
      "name": "AWS_QuickSetup_HostMgmtRole_ap_south_1_j1ic5_SSMQuickSetupEnableExplorerInlinePolicy",
      "provider": "provider[\"registry.terraform.io/hashicorp/aws\"]",
      "instances": [
        {
          "schema_version": 0,
          "attributes": {
            "id": "AWS-QuickSetup-HostMgmtRole-ap-south-1-j1ic5:SSMQuickSetupEnableExplorerInlinePolicy",
            "name": "SSMQuickSetupEnableExplorerInlinePolicy",
            "name_prefix": null,
            "policy": "{\"Version\": \"2012-10-17\", \"Statement\": [{\"Action\": [\"iam:ListRoles\", \"config:DescribeConfigurationRecorders\", \"compute-optimizer:GetEnrollmentStatus\", \"support:DescribeTrustedAdvisorChecks\"], \"Resource\": \"*\", \"Effect\": \"Allow\"}, {\"Action\": [\"ssm:UpdateServiceSetting\", \"ssm:GetServiceSetting\"], \"Resource\": [\"arn:aws:ssm:*:*:servicesetting/ssm/opsitem/ssm-patchmanager\", \"arn:aws:ssm:*:*:servicesetting/ssm/opsitem/EC2\", \"arn:aws:ssm:*:*:servicesetting/ssm/opsdata/ExplorerOnboarded\", \"arn:aws:ssm:*:*:servicesetting/ssm/opsdata/Association\", \"arn:aws:ssm:*:*:servicesetting/ssm/opsdata/ComputeOptimizer\", \"arn:aws:ssm:*:*:servicesetting/ssm/opsdata/ConfigCompliance\", \"arn:aws:ssm:*:*:servicesetting/ssm/opsdata/OpsData-TrustedAdvisor\", \"arn:aws:ssm:*:*:servicesetting/ssm/opsdata/SupportCenterCase\"], \"Effect\": \"Allow\"}, {\"Condition\": {\"StringEquals\": {\"iam:AWSServiceName\": \"ssm.amazonaws.com\"}}, \"Action\": [\"iam:CreateServiceLinkedRole\"], \"Resource\": \"arn:aws:iam::*:role/aws-service-role/ssm.amazonaws.com/AWSServiceRoleForAmazonSSM\", \"Effect\": \"Allow\"}]}",
            "role": "AWS-QuickSetup-HostMgmtRole-ap-south-1-j1ic5"
          },
          "sensitive_attributes": []
        }
      ]
    },
    {
      "mode": "managed",
      "type": "aws_iam_role_policy",
      "name": "AWS_QuickSetup_HostMgmtRole_ap_southeast_1_j1ic5_AWS_QuickSetup_SSMHostMgmt_CreateAndAttachRoleInlinePolicy_ap_southeast_1_j1ic5",
      "provider": "provider[\"registry.terraform.io/hashicorp/aws\"]",
      "instances": [
        {
          "schema_version": 0,
          "attributes": {
            "id": "AWS-QuickSetup-HostMgmtRole-ap-southeast-1-j1ic5:AWS-QuickSetup-SSMHostMgmt-CreateAndAttachRoleInlinePolicy-ap-southeast-1-j1ic5",
            "name": "AWS-QuickSetup-SSMHostMgmt-CreateAndAttachRoleInlinePolicy-ap-southeast-1-j1ic5",
            "name_prefix": null,
            "policy": "{\"Version\": \"2012-10-17\", \"Statement\": [{\"Action\": [\"ssm:GetAutomationExecution\", \"ec2:DescribeIamInstanceProfileAssociations\", \"ec2:DisassociateIamInstanceProfile\", \"ec2:DescribeInstances\", \"ssm:StartAutomationExecution\", \"iam:GetInstanceProfile\", \"iam:ListInstanceProfilesForRole\"], \"Resource\": \"*\", \"Effect\": \"Allow\"}, {\"Condition\": {\"ArnEquals\": {\"iam:PolicyARN\": [\"arn:aws:iam::aws:policy/AmazonSSMManagedInstanceCore\", \"arn:aws:iam::aws:policy/AmazonSSMPatchAssociation\"]}}, \"Action\": [\"iam:AttachRolePolicy\"], \"Resource\": [\"*\"], \"Effect\": \"Allow\"}, {\"Action\": [\"iam:AddRoleToInstanceProfile\"], \"Resource\": [\"arn:aws:iam::169684386827:instance-profile/AmazonSSMRoleForInstancesQuickSetup\"], \"Effect\": \"Allow\"}, {\"Condition\": {\"StringEquals\": {\"ec2:NewInstanceProfile\": \"arn:aws:iam::169684386827:instance-profile/AmazonSSMRoleForInstancesQuickSetup\"}}, \"Action\": [\"ec2:AssociateIamInstanceProfile\"], \"Resource\": \"*\", \"Effect\": \"Allow\"}, {\"Action\": [\"iam:CreateInstanceProfile\"], \"Resource\": [\"arn:aws:iam::169684386827:instance-profile/AmazonSSMRoleForInstancesQuickSetup\"], \"Effect\": \"Allow\"}, {\"Action\": [\"iam:GetRole\"], \"Resource\": [\"arn:aws:iam::169684386827:role/AmazonSSMRoleForInstancesQuickSetup\", \"arn:aws:iam::169684386827:role/AWS-QuickSetup-HostMgmtRole-ap-southeast-1-j1ic5\"], \"Effect\": \"Allow\"}, {\"Condition\": {\"StringEquals\": {\"iam:PassedToService\": [\"ec2.amazonaws.com\"]}}, \"Action\": [\"iam:PassRole\"], \"Resource\": [\"arn:aws:iam::169684386827:role/AmazonSSMRoleForInstancesQuickSetup\"], \"Effect\": \"Allow\"}, {\"Condition\": {\"StringEquals\": {\"iam:PassedToService\": [\"ssm.amazonaws.com\"]}}, \"Action\": [\"iam:PassRole\"], \"Resource\": [\"arn:aws:iam::169684386827:role/AWS-QuickSetup-HostMgmtRole-ap-southeast-1-j1ic5\"], \"Effect\": \"Allow\"}, {\"Action\": [\"iam:CreateRole\"], \"Resource\": [\"arn:aws:iam::169684386827:role/AmazonSSMRoleForInstancesQuickSetup\"], \"Effect\": \"Allow\"}]}",
            "role": "AWS-QuickSetup-HostMgmtRole-ap-southeast-1-j1ic5"
          },
          "sensitive_attributes": []
        }
      ]
    },
    {
      "mode": "managed",
      "type": "aws_iam_role_policy",
      "name": "AWS_QuickSetup_HostMgmtRole_ap_southeast_1_j1ic5_SSMQuickSetupEnableExplorerInlinePolicy",
      "provider": "provider[\"registry.terraform.io/hashicorp/aws\"]",
      "instances": [
        {
          "schema_version": 0,
          "attributes": {
            "id": "AWS-QuickSetup-HostMgmtRole-ap-southeast-1-j1ic5:SSMQuickSetupEnableExplorerInlinePolicy",
            "name": "SSMQuickSetupEnableExplorerInlinePolicy",
            "name_prefix": null,
            "policy": "{\"Version\": \"2012-10-17\", \"Statement\": [{\"Action\": [\"iam:ListRoles\", \"config:DescribeConfigurationRecorders\", \"compute-optimizer:GetEnrollmentStatus\", \"support:DescribeTrustedAdvisorChecks\"], \"Resource\": \"*\", \"Effect\": \"Allow\"}, {\"Action\": [\"ssm:UpdateServiceSetting\", \"ssm:GetServiceSetting\"], \"Resource\": [\"arn:aws:ssm:*:*:servicesetting/ssm/opsitem/ssm-patchmanager\", \"arn:aws:ssm:*:*:servicesetting/ssm/opsitem/EC2\", \"arn:aws:ssm:*:*:servicesetting/ssm/opsdata/ExplorerOnboarded\", \"arn:aws:ssm:*:*:servicesetting/ssm/opsdata/Association\", \"arn:aws:ssm:*:*:servicesetting/ssm/opsdata/ComputeOptimizer\", \"arn:aws:ssm:*:*:servicesetting/ssm/opsdata/ConfigCompliance\", \"arn:aws:ssm:*:*:servicesetting/ssm/opsdata/OpsData-TrustedAdvisor\", \"arn:aws:ssm:*:*:servicesetting/ssm/opsdata/SupportCenterCase\"], \"Effect\": \"Allow\"}, {\"Condition\": {\"StringEquals\": {\"iam:AWSServiceName\": \"ssm.amazonaws.com\"}}, \"Action\": [\"iam:CreateServiceLinkedRole\"], \"Resource\": \"arn:aws:iam::*:role/aws-service-role/ssm.amazonaws.com/AWSServiceRoleForAmazonSSM\", \"Effect\": \"Allow\"}]}",
            "role": "AWS-QuickSetup-HostMgmtRole-ap-southeast-1-j1ic5"
          },
          "sensitive_attributes": []
        }
      ]
    },
    {
      "mode": "managed",
      "type": "aws_iam_role_policy",
      "name": "AWS_QuickSetup_HostMgmtRole_ap_southeast_2_j1ic5_AWS_QuickSetup_SSMHostMgmt_CreateAndAttachRoleInlinePolicy_ap_southeast_2_j1ic5",
      "provider": "provider[\"registry.terraform.io/hashicorp/aws\"]",
      "instances": [
        {
          "schema_version": 0,
          "attributes": {
            "id": "AWS-QuickSetup-HostMgmtRole-ap-southeast-2-j1ic5:AWS-QuickSetup-SSMHostMgmt-CreateAndAttachRoleInlinePolicy-ap-southeast-2-j1ic5",
            "name": "AWS-QuickSetup-SSMHostMgmt-CreateAndAttachRoleInlinePolicy-ap-southeast-2-j1ic5",
            "name_prefix": null,
            "policy": "{\"Version\": \"2012-10-17\", \"Statement\": [{\"Action\": [\"ssm:GetAutomationExecution\", \"ec2:DescribeIamInstanceProfileAssociations\", \"ec2:DisassociateIamInstanceProfile\", \"ec2:DescribeInstances\", \"ssm:StartAutomationExecution\", \"iam:GetInstanceProfile\", \"iam:ListInstanceProfilesForRole\"], \"Resource\": \"*\", \"Effect\": \"Allow\"}, {\"Condition\": {\"ArnEquals\": {\"iam:PolicyARN\": [\"arn:aws:iam::aws:policy/AmazonSSMManagedInstanceCore\", \"arn:aws:iam::aws:policy/AmazonSSMPatchAssociation\"]}}, \"Action\": [\"iam:AttachRolePolicy\"], \"Resource\": [\"*\"], \"Effect\": \"Allow\"}, {\"Action\": [\"iam:AddRoleToInstanceProfile\"], \"Resource\": [\"arn:aws:iam::169684386827:instance-profile/AmazonSSMRoleForInstancesQuickSetup\"], \"Effect\": \"Allow\"}, {\"Condition\": {\"StringEquals\": {\"ec2:NewInstanceProfile\": \"arn:aws:iam::169684386827:instance-profile/AmazonSSMRoleForInstancesQuickSetup\"}}, \"Action\": [\"ec2:AssociateIamInstanceProfile\"], \"Resource\": \"*\", \"Effect\": \"Allow\"}, {\"Action\": [\"iam:CreateInstanceProfile\"], \"Resource\": [\"arn:aws:iam::169684386827:instance-profile/AmazonSSMRoleForInstancesQuickSetup\"], \"Effect\": \"Allow\"}, {\"Action\": [\"iam:GetRole\"], \"Resource\": [\"arn:aws:iam::169684386827:role/AmazonSSMRoleForInstancesQuickSetup\", \"arn:aws:iam::169684386827:role/AWS-QuickSetup-HostMgmtRole-ap-southeast-2-j1ic5\"], \"Effect\": \"Allow\"}, {\"Condition\": {\"StringEquals\": {\"iam:PassedToService\": [\"ec2.amazonaws.com\"]}}, \"Action\": [\"iam:PassRole\"], \"Resource\": [\"arn:aws:iam::169684386827:role/AmazonSSMRoleForInstancesQuickSetup\"], \"Effect\": \"Allow\"}, {\"Condition\": {\"StringEquals\": {\"iam:PassedToService\": [\"ssm.amazonaws.com\"]}}, \"Action\": [\"iam:PassRole\"], \"Resource\": [\"arn:aws:iam::169684386827:role/AWS-QuickSetup-HostMgmtRole-ap-southeast-2-j1ic5\"], \"Effect\": \"Allow\"}, {\"Action\": [\"iam:CreateRole\"], \"Resource\": [\"arn:aws:iam::169684386827:role/AmazonSSMRoleForInstancesQuickSetup\"], \"Effect\": \"Allow\"}]}",
            "role": "AWS-QuickSetup-HostMgmtRole-ap-southeast-2-j1ic5"
          },
          "sensitive_attributes": []
        }
      ]
    },
    {
      "mode": "managed",
      "type": "aws_iam_role_policy",
      "name": "AWS_QuickSetup_HostMgmtRole_ap_southeast_2_j1ic5_SSMQuickSetupEnableExplorerInlinePolicy",
      "provider": "provider[\"registry.terraform.io/hashicorp/aws\"]",
      "instances": [
        {
          "schema_version": 0,
          "attributes": {
            "id": "AWS-QuickSetup-HostMgmtRole-ap-southeast-2-j1ic5:SSMQuickSetupEnableExplorerInlinePolicy",
            "name": "SSMQuickSetupEnableExplorerInlinePolicy",
            "name_prefix": null,
            "policy": "{\"Version\": \"2012-10-17\", \"Statement\": [{\"Action\": [\"iam:ListRoles\", \"config:DescribeConfigurationRecorders\", \"compute-optimizer:GetEnrollmentStatus\", \"support:DescribeTrustedAdvisorChecks\"], \"Resource\": \"*\", \"Effect\": \"Allow\"}, {\"Action\": [\"ssm:UpdateServiceSetting\", \"ssm:GetServiceSetting\"], \"Resource\": [\"arn:aws:ssm:*:*:servicesetting/ssm/opsitem/ssm-patchmanager\", \"arn:aws:ssm:*:*:servicesetting/ssm/opsitem/EC2\", \"arn:aws:ssm:*:*:servicesetting/ssm/opsdata/ExplorerOnboarded\", \"arn:aws:ssm:*:*:servicesetting/ssm/opsdata/Association\", \"arn:aws:ssm:*:*:servicesetting/ssm/opsdata/ComputeOptimizer\", \"arn:aws:ssm:*:*:servicesetting/ssm/opsdata/ConfigCompliance\", \"arn:aws:ssm:*:*:servicesetting/ssm/opsdata/OpsData-TrustedAdvisor\", \"arn:aws:ssm:*:*:servicesetting/ssm/opsdata/SupportCenterCase\"], \"Effect\": \"Allow\"}, {\"Condition\": {\"StringEquals\": {\"iam:AWSServiceName\": \"ssm.amazonaws.com\"}}, \"Action\": [\"iam:CreateServiceLinkedRole\"], \"Resource\": \"arn:aws:iam::*:role/aws-service-role/ssm.amazonaws.com/AWSServiceRoleForAmazonSSM\", \"Effect\": \"Allow\"}]}",
            "role": "AWS-QuickSetup-HostMgmtRole-ap-southeast-2-j1ic5"
          },
          "sensitive_attributes": []
        }
      ]
    },
    {
      "mode": "managed",
      "type": "aws_iam_role_policy",
      "name": "AWS_QuickSetup_HostMgmtRole_ca_central_1_j1ic5_AWS_QuickSetup_SSMHostMgmt_CreateAndAttachRoleInlinePolicy_ca_central_1_j1ic5",
      "provider": "provider[\"registry.terraform.io/hashicorp/aws\"]",
      "instances": [
        {
          "schema_version": 0,
          "attributes": {
            "id": "AWS-QuickSetup-HostMgmtRole-ca-central-1-j1ic5:AWS-QuickSetup-SSMHostMgmt-CreateAndAttachRoleInlinePolicy-ca-central-1-j1ic5",
            "name": "AWS-QuickSetup-SSMHostMgmt-CreateAndAttachRoleInlinePolicy-ca-central-1-j1ic5",
            "name_prefix": null,
            "policy": "{\"Version\": \"2012-10-17\", \"Statement\": [{\"Action\": [\"ssm:GetAutomationExecution\", \"ec2:DescribeIamInstanceProfileAssociations\", \"ec2:DisassociateIamInstanceProfile\", \"ec2:DescribeInstances\", \"ssm:StartAutomationExecution\", \"iam:GetInstanceProfile\", \"iam:ListInstanceProfilesForRole\"], \"Resource\": \"*\", \"Effect\": \"Allow\"}, {\"Condition\": {\"ArnEquals\": {\"iam:PolicyARN\": [\"arn:aws:iam::aws:policy/AmazonSSMManagedInstanceCore\", \"arn:aws:iam::aws:policy/AmazonSSMPatchAssociation\"]}}, \"Action\": [\"iam:AttachRolePolicy\"], \"Resource\": [\"*\"], \"Effect\": \"Allow\"}, {\"Action\": [\"iam:AddRoleToInstanceProfile\"], \"Resource\": [\"arn:aws:iam::169684386827:instance-profile/AmazonSSMRoleForInstancesQuickSetup\"], \"Effect\": \"Allow\"}, {\"Condition\": {\"StringEquals\": {\"ec2:NewInstanceProfile\": \"arn:aws:iam::169684386827:instance-profile/AmazonSSMRoleForInstancesQuickSetup\"}}, \"Action\": [\"ec2:AssociateIamInstanceProfile\"], \"Resource\": \"*\", \"Effect\": \"Allow\"}, {\"Action\": [\"iam:CreateInstanceProfile\"], \"Resource\": [\"arn:aws:iam::169684386827:instance-profile/AmazonSSMRoleForInstancesQuickSetup\"], \"Effect\": \"Allow\"}, {\"Action\": [\"iam:GetRole\"], \"Resource\": [\"arn:aws:iam::169684386827:role/AmazonSSMRoleForInstancesQuickSetup\", \"arn:aws:iam::169684386827:role/AWS-QuickSetup-HostMgmtRole-ca-central-1-j1ic5\"], \"Effect\": \"Allow\"}, {\"Condition\": {\"StringEquals\": {\"iam:PassedToService\": [\"ec2.amazonaws.com\"]}}, \"Action\": [\"iam:PassRole\"], \"Resource\": [\"arn:aws:iam::169684386827:role/AmazonSSMRoleForInstancesQuickSetup\"], \"Effect\": \"Allow\"}, {\"Condition\": {\"StringEquals\": {\"iam:PassedToService\": [\"ssm.amazonaws.com\"]}}, \"Action\": [\"iam:PassRole\"], \"Resource\": [\"arn:aws:iam::169684386827:role/AWS-QuickSetup-HostMgmtRole-ca-central-1-j1ic5\"], \"Effect\": \"Allow\"}, {\"Action\": [\"iam:CreateRole\"], \"Resource\": [\"arn:aws:iam::169684386827:role/AmazonSSMRoleForInstancesQuickSetup\"], \"Effect\": \"Allow\"}]}",
            "role": "AWS-QuickSetup-HostMgmtRole-ca-central-1-j1ic5"
          },
          "sensitive_attributes": []
        }
      ]
    },
    {
      "mode": "managed",
      "type": "aws_iam_role_policy",
      "name": "AWS_QuickSetup_HostMgmtRole_ca_central_1_j1ic5_SSMQuickSetupEnableExplorerInlinePolicy",
      "provider": "provider[\"registry.terraform.io/hashicorp/aws\"]",
      "instances": [
        {
          "schema_version": 0,
          "attributes": {
            "id": "AWS-QuickSetup-HostMgmtRole-ca-central-1-j1ic5:SSMQuickSetupEnableExplorerInlinePolicy",
            "name": "SSMQuickSetupEnableExplorerInlinePolicy",
            "name_prefix": null,
            "policy": "{\"Version\": \"2012-10-17\", \"Statement\": [{\"Action\": [\"iam:ListRoles\", \"config:DescribeConfigurationRecorders\", \"compute-optimizer:GetEnrollmentStatus\", \"support:DescribeTrustedAdvisorChecks\"], \"Resource\": \"*\", \"Effect\": \"Allow\"}, {\"Action\": [\"ssm:UpdateServiceSetting\", \"ssm:GetServiceSetting\"], \"Resource\": [\"arn:aws:ssm:*:*:servicesetting/ssm/opsitem/ssm-patchmanager\", \"arn:aws:ssm:*:*:servicesetting/ssm/opsitem/EC2\", \"arn:aws:ssm:*:*:servicesetting/ssm/opsdata/ExplorerOnboarded\", \"arn:aws:ssm:*:*:servicesetting/ssm/opsdata/Association\", \"arn:aws:ssm:*:*:servicesetting/ssm/opsdata/ComputeOptimizer\", \"arn:aws:ssm:*:*:servicesetting/ssm/opsdata/ConfigCompliance\", \"arn:aws:ssm:*:*:servicesetting/ssm/opsdata/OpsData-TrustedAdvisor\", \"arn:aws:ssm:*:*:servicesetting/ssm/opsdata/SupportCenterCase\"], \"Effect\": \"Allow\"}, {\"Condition\": {\"StringEquals\": {\"iam:AWSServiceName\": \"ssm.amazonaws.com\"}}, \"Action\": [\"iam:CreateServiceLinkedRole\"], \"Resource\": \"arn:aws:iam::*:role/aws-service-role/ssm.amazonaws.com/AWSServiceRoleForAmazonSSM\", \"Effect\": \"Allow\"}]}",
            "role": "AWS-QuickSetup-HostMgmtRole-ca-central-1-j1ic5"
          },
          "sensitive_attributes": []
        }
      ]
    },
    {
      "mode": "managed",
      "type": "aws_iam_role_policy",
      "name": "AWS_QuickSetup_HostMgmtRole_eu_central_1_j1ic5_AWS_QuickSetup_SSMHostMgmt_CreateAndAttachRoleInlinePolicy_eu_central_1_j1ic5",
      "provider": "provider[\"registry.terraform.io/hashicorp/aws\"]",
      "instances": [
        {
          "schema_version": 0,
          "attributes": {
            "id": "AWS-QuickSetup-HostMgmtRole-eu-central-1-j1ic5:AWS-QuickSetup-SSMHostMgmt-CreateAndAttachRoleInlinePolicy-eu-central-1-j1ic5",
            "name": "AWS-QuickSetup-SSMHostMgmt-CreateAndAttachRoleInlinePolicy-eu-central-1-j1ic5",
            "name_prefix": null,
            "policy": "{\"Version\": \"2012-10-17\", \"Statement\": [{\"Action\": [\"ssm:GetAutomationExecution\", \"ec2:DescribeIamInstanceProfileAssociations\", \"ec2:DisassociateIamInstanceProfile\", \"ec2:DescribeInstances\", \"ssm:StartAutomationExecution\", \"iam:GetInstanceProfile\", \"iam:ListInstanceProfilesForRole\"], \"Resource\": \"*\", \"Effect\": \"Allow\"}, {\"Condition\": {\"ArnEquals\": {\"iam:PolicyARN\": [\"arn:aws:iam::aws:policy/AmazonSSMManagedInstanceCore\", \"arn:aws:iam::aws:policy/AmazonSSMPatchAssociation\"]}}, \"Action\": [\"iam:AttachRolePolicy\"], \"Resource\": [\"*\"], \"Effect\": \"Allow\"}, {\"Action\": [\"iam:AddRoleToInstanceProfile\"], \"Resource\": [\"arn:aws:iam::169684386827:instance-profile/AmazonSSMRoleForInstancesQuickSetup\"], \"Effect\": \"Allow\"}, {\"Condition\": {\"StringEquals\": {\"ec2:NewInstanceProfile\": \"arn:aws:iam::169684386827:instance-profile/AmazonSSMRoleForInstancesQuickSetup\"}}, \"Action\": [\"ec2:AssociateIamInstanceProfile\"], \"Resource\": \"*\", \"Effect\": \"Allow\"}, {\"Action\": [\"iam:CreateInstanceProfile\"], \"Resource\": [\"arn:aws:iam::169684386827:instance-profile/AmazonSSMRoleForInstancesQuickSetup\"], \"Effect\": \"Allow\"}, {\"Action\": [\"iam:GetRole\"], \"Resource\": [\"arn:aws:iam::169684386827:role/AmazonSSMRoleForInstancesQuickSetup\", \"arn:aws:iam::169684386827:role/AWS-QuickSetup-HostMgmtRole-eu-central-1-j1ic5\"], \"Effect\": \"Allow\"}, {\"Condition\": {\"StringEquals\": {\"iam:PassedToService\": [\"ec2.amazonaws.com\"]}}, \"Action\": [\"iam:PassRole\"], \"Resource\": [\"arn:aws:iam::169684386827:role/AmazonSSMRoleForInstancesQuickSetup\"], \"Effect\": \"Allow\"}, {\"Condition\": {\"StringEquals\": {\"iam:PassedToService\": [\"ssm.amazonaws.com\"]}}, \"Action\": [\"iam:PassRole\"], \"Resource\": [\"arn:aws:iam::169684386827:role/AWS-QuickSetup-HostMgmtRole-eu-central-1-j1ic5\"], \"Effect\": \"Allow\"}, {\"Action\": [\"iam:CreateRole\"], \"Resource\": [\"arn:aws:iam::169684386827:role/AmazonSSMRoleForInstancesQuickSetup\"], \"Effect\": \"Allow\"}]}",
            "role": "AWS-QuickSetup-HostMgmtRole-eu-central-1-j1ic5"
          },
          "sensitive_attributes": []
        }
      ]
    },
    {
      "mode": "managed",
      "type": "aws_iam_role_policy",
      "name": "AWS_QuickSetup_HostMgmtRole_eu_central_1_j1ic5_SSMQuickSetupEnableExplorerInlinePolicy",
      "provider": "provider[\"registry.terraform.io/hashicorp/aws\"]",
      "instances": [
        {
          "schema_version": 0,
          "attributes": {
            "id": "AWS-QuickSetup-HostMgmtRole-eu-central-1-j1ic5:SSMQuickSetupEnableExplorerInlinePolicy",
            "name": "SSMQuickSetupEnableExplorerInlinePolicy",
            "name_prefix": null,
            "policy": "{\"Version\": \"2012-10-17\", \"Statement\": [{\"Action\": [\"iam:ListRoles\", \"config:DescribeConfigurationRecorders\", \"compute-optimizer:GetEnrollmentStatus\", \"support:DescribeTrustedAdvisorChecks\"], \"Resource\": \"*\", \"Effect\": \"Allow\"}, {\"Action\": [\"ssm:UpdateServiceSetting\", \"ssm:GetServiceSetting\"], \"Resource\": [\"arn:aws:ssm:*:*:servicesetting/ssm/opsitem/ssm-patchmanager\", \"arn:aws:ssm:*:*:servicesetting/ssm/opsitem/EC2\", \"arn:aws:ssm:*:*:servicesetting/ssm/opsdata/ExplorerOnboarded\", \"arn:aws:ssm:*:*:servicesetting/ssm/opsdata/Association\", \"arn:aws:ssm:*:*:servicesetting/ssm/opsdata/ComputeOptimizer\", \"arn:aws:ssm:*:*:servicesetting/ssm/opsdata/ConfigCompliance\", \"arn:aws:ssm:*:*:servicesetting/ssm/opsdata/OpsData-TrustedAdvisor\", \"arn:aws:ssm:*:*:servicesetting/ssm/opsdata/SupportCenterCase\"], \"Effect\": \"Allow\"}, {\"Condition\": {\"StringEquals\": {\"iam:AWSServiceName\": \"ssm.amazonaws.com\"}}, \"Action\": [\"iam:CreateServiceLinkedRole\"], \"Resource\": \"arn:aws:iam::*:role/aws-service-role/ssm.amazonaws.com/AWSServiceRoleForAmazonSSM\", \"Effect\": \"Allow\"}]}",
            "role": "AWS-QuickSetup-HostMgmtRole-eu-central-1-j1ic5"
          },
          "sensitive_attributes": []
        }
      ]
    },
    {
      "mode": "managed",
      "type": "aws_iam_role_policy",
      "name": "AWS_QuickSetup_HostMgmtRole_eu_north_1_j1ic5_AWS_QuickSetup_SSMHostMgmt_CreateAndAttachRoleInlinePolicy_eu_north_1_j1ic5",
      "provider": "provider[\"registry.terraform.io/hashicorp/aws\"]",
      "instances": [
        {
          "schema_version": 0,
          "attributes": {
            "id": "AWS-QuickSetup-HostMgmtRole-eu-north-1-j1ic5:AWS-QuickSetup-SSMHostMgmt-CreateAndAttachRoleInlinePolicy-eu-north-1-j1ic5",
            "name": "AWS-QuickSetup-SSMHostMgmt-CreateAndAttachRoleInlinePolicy-eu-north-1-j1ic5",
            "name_prefix": null,
            "policy": "{\"Version\": \"2012-10-17\", \"Statement\": [{\"Action\": [\"ssm:GetAutomationExecution\", \"ec2:DescribeIamInstanceProfileAssociations\", \"ec2:DisassociateIamInstanceProfile\", \"ec2:DescribeInstances\", \"ssm:StartAutomationExecution\", \"iam:GetInstanceProfile\", \"iam:ListInstanceProfilesForRole\"], \"Resource\": \"*\", \"Effect\": \"Allow\"}, {\"Condition\": {\"ArnEquals\": {\"iam:PolicyARN\": [\"arn:aws:iam::aws:policy/AmazonSSMManagedInstanceCore\", \"arn:aws:iam::aws:policy/AmazonSSMPatchAssociation\"]}}, \"Action\": [\"iam:AttachRolePolicy\"], \"Resource\": [\"*\"], \"Effect\": \"Allow\"}, {\"Action\": [\"iam:AddRoleToInstanceProfile\"], \"Resource\": [\"arn:aws:iam::169684386827:instance-profile/AmazonSSMRoleForInstancesQuickSetup\"], \"Effect\": \"Allow\"}, {\"Condition\": {\"StringEquals\": {\"ec2:NewInstanceProfile\": \"arn:aws:iam::169684386827:instance-profile/AmazonSSMRoleForInstancesQuickSetup\"}}, \"Action\": [\"ec2:AssociateIamInstanceProfile\"], \"Resource\": \"*\", \"Effect\": \"Allow\"}, {\"Action\": [\"iam:CreateInstanceProfile\"], \"Resource\": [\"arn:aws:iam::169684386827:instance-profile/AmazonSSMRoleForInstancesQuickSetup\"], \"Effect\": \"Allow\"}, {\"Action\": [\"iam:GetRole\"], \"Resource\": [\"arn:aws:iam::169684386827:role/AmazonSSMRoleForInstancesQuickSetup\", \"arn:aws:iam::169684386827:role/AWS-QuickSetup-HostMgmtRole-eu-north-1-j1ic5\"], \"Effect\": \"Allow\"}, {\"Condition\": {\"StringEquals\": {\"iam:PassedToService\": [\"ec2.amazonaws.com\"]}}, \"Action\": [\"iam:PassRole\"], \"Resource\": [\"arn:aws:iam::169684386827:role/AmazonSSMRoleForInstancesQuickSetup\"], \"Effect\": \"Allow\"}, {\"Condition\": {\"StringEquals\": {\"iam:PassedToService\": [\"ssm.amazonaws.com\"]}}, \"Action\": [\"iam:PassRole\"], \"Resource\": [\"arn:aws:iam::169684386827:role/AWS-QuickSetup-HostMgmtRole-eu-north-1-j1ic5\"], \"Effect\": \"Allow\"}, {\"Action\": [\"iam:CreateRole\"], \"Resource\": [\"arn:aws:iam::169684386827:role/AmazonSSMRoleForInstancesQuickSetup\"], \"Effect\": \"Allow\"}]}",
            "role": "AWS-QuickSetup-HostMgmtRole-eu-north-1-j1ic5"
          },
          "sensitive_attributes": []
        }
      ]
    },
    {
      "mode": "managed",
      "type": "aws_iam_role_policy",
      "name": "AWS_QuickSetup_HostMgmtRole_eu_north_1_j1ic5_SSMQuickSetupEnableExplorerInlinePolicy",
      "provider": "provider[\"registry.terraform.io/hashicorp/aws\"]",
      "instances": [
        {
          "schema_version": 0,
          "attributes": {
            "id": "AWS-QuickSetup-HostMgmtRole-eu-north-1-j1ic5:SSMQuickSetupEnableExplorerInlinePolicy",
            "name": "SSMQuickSetupEnableExplorerInlinePolicy",
            "name_prefix": null,
            "policy": "{\"Version\": \"2012-10-17\", \"Statement\": [{\"Action\": [\"iam:ListRoles\", \"config:DescribeConfigurationRecorders\", \"compute-optimizer:GetEnrollmentStatus\", \"support:DescribeTrustedAdvisorChecks\"], \"Resource\": \"*\", \"Effect\": \"Allow\"}, {\"Action\": [\"ssm:UpdateServiceSetting\", \"ssm:GetServiceSetting\"], \"Resource\": [\"arn:aws:ssm:*:*:servicesetting/ssm/opsitem/ssm-patchmanager\", \"arn:aws:ssm:*:*:servicesetting/ssm/opsitem/EC2\", \"arn:aws:ssm:*:*:servicesetting/ssm/opsdata/ExplorerOnboarded\", \"arn:aws:ssm:*:*:servicesetting/ssm/opsdata/Association\", \"arn:aws:ssm:*:*:servicesetting/ssm/opsdata/ComputeOptimizer\", \"arn:aws:ssm:*:*:servicesetting/ssm/opsdata/ConfigCompliance\", \"arn:aws:ssm:*:*:servicesetting/ssm/opsdata/OpsData-TrustedAdvisor\", \"arn:aws:ssm:*:*:servicesetting/ssm/opsdata/SupportCenterCase\"], \"Effect\": \"Allow\"}, {\"Condition\": {\"StringEquals\": {\"iam:AWSServiceName\": \"ssm.amazonaws.com\"}}, \"Action\": [\"iam:CreateServiceLinkedRole\"], \"Resource\": \"arn:aws:iam::*:role/aws-service-role/ssm.amazonaws.com/AWSServiceRoleForAmazonSSM\", \"Effect\": \"Allow\"}]}",
            "role": "AWS-QuickSetup-HostMgmtRole-eu-north-1-j1ic5"
          },
          "sensitive_attributes": []
        }
      ]
    },
    {
      "mode": "managed",
      "type": "aws_iam_role_policy",
      "name": "AWS_QuickSetup_HostMgmtRole_eu_west_1_j1ic5_AWS_QuickSetup_SSMHostMgmt_CreateAndAttachRoleInlinePolicy_eu_west_1_j1ic5",
      "provider": "provider[\"registry.terraform.io/hashicorp/aws\"]",
      "instances": [
        {
          "schema_version": 0,
          "attributes": {
            "id": "AWS-QuickSetup-HostMgmtRole-eu-west-1-j1ic5:AWS-QuickSetup-SSMHostMgmt-CreateAndAttachRoleInlinePolicy-eu-west-1-j1ic5",
            "name": "AWS-QuickSetup-SSMHostMgmt-CreateAndAttachRoleInlinePolicy-eu-west-1-j1ic5",
            "name_prefix": null,
            "policy": "{\"Version\": \"2012-10-17\", \"Statement\": [{\"Action\": [\"ssm:GetAutomationExecution\", \"ec2:DescribeIamInstanceProfileAssociations\", \"ec2:DisassociateIamInstanceProfile\", \"ec2:DescribeInstances\", \"ssm:StartAutomationExecution\", \"iam:GetInstanceProfile\", \"iam:ListInstanceProfilesForRole\"], \"Resource\": \"*\", \"Effect\": \"Allow\"}, {\"Condition\": {\"ArnEquals\": {\"iam:PolicyARN\": [\"arn:aws:iam::aws:policy/AmazonSSMManagedInstanceCore\", \"arn:aws:iam::aws:policy/AmazonSSMPatchAssociation\"]}}, \"Action\": [\"iam:AttachRolePolicy\"], \"Resource\": [\"*\"], \"Effect\": \"Allow\"}, {\"Action\": [\"iam:AddRoleToInstanceProfile\"], \"Resource\": [\"arn:aws:iam::169684386827:instance-profile/AmazonSSMRoleForInstancesQuickSetup\"], \"Effect\": \"Allow\"}, {\"Condition\": {\"StringEquals\": {\"ec2:NewInstanceProfile\": \"arn:aws:iam::169684386827:instance-profile/AmazonSSMRoleForInstancesQuickSetup\"}}, \"Action\": [\"ec2:AssociateIamInstanceProfile\"], \"Resource\": \"*\", \"Effect\": \"Allow\"}, {\"Action\": [\"iam:CreateInstanceProfile\"], \"Resource\": [\"arn:aws:iam::169684386827:instance-profile/AmazonSSMRoleForInstancesQuickSetup\"], \"Effect\": \"Allow\"}, {\"Action\": [\"iam:GetRole\"], \"Resource\": [\"arn:aws:iam::169684386827:role/AmazonSSMRoleForInstancesQuickSetup\", \"arn:aws:iam::169684386827:role/AWS-QuickSetup-HostMgmtRole-eu-west-1-j1ic5\"], \"Effect\": \"Allow\"}, {\"Condition\": {\"StringEquals\": {\"iam:PassedToService\": [\"ec2.amazonaws.com\"]}}, \"Action\": [\"iam:PassRole\"], \"Resource\": [\"arn:aws:iam::169684386827:role/AmazonSSMRoleForInstancesQuickSetup\"], \"Effect\": \"Allow\"}, {\"Condition\": {\"StringEquals\": {\"iam:PassedToService\": [\"ssm.amazonaws.com\"]}}, \"Action\": [\"iam:PassRole\"], \"Resource\": [\"arn:aws:iam::169684386827:role/AWS-QuickSetup-HostMgmtRole-eu-west-1-j1ic5\"], \"Effect\": \"Allow\"}, {\"Action\": [\"iam:CreateRole\"], \"Resource\": [\"arn:aws:iam::169684386827:role/AmazonSSMRoleForInstancesQuickSetup\"], \"Effect\": \"Allow\"}]}",
            "role": "AWS-QuickSetup-HostMgmtRole-eu-west-1-j1ic5"
          },
          "sensitive_attributes": []
        }
      ]
    },
    {
      "mode": "managed",
      "type": "aws_iam_role_policy",
      "name": "AWS_QuickSetup_HostMgmtRole_eu_west_1_j1ic5_SSMQuickSetupEnableExplorerInlinePolicy",
      "provider": "provider[\"registry.terraform.io/hashicorp/aws\"]",
      "instances": [
        {
          "schema_version": 0,
          "attributes": {
            "id": "AWS-QuickSetup-HostMgmtRole-eu-west-1-j1ic5:SSMQuickSetupEnableExplorerInlinePolicy",
            "name": "SSMQuickSetupEnableExplorerInlinePolicy",
            "name_prefix": null,
            "policy": "{\"Version\": \"2012-10-17\", \"Statement\": [{\"Action\": [\"iam:ListRoles\", \"config:DescribeConfigurationRecorders\", \"compute-optimizer:GetEnrollmentStatus\", \"support:DescribeTrustedAdvisorChecks\"], \"Resource\": \"*\", \"Effect\": \"Allow\"}, {\"Action\": [\"ssm:UpdateServiceSetting\", \"ssm:GetServiceSetting\"], \"Resource\": [\"arn:aws:ssm:*:*:servicesetting/ssm/opsitem/ssm-patchmanager\", \"arn:aws:ssm:*:*:servicesetting/ssm/opsitem/EC2\", \"arn:aws:ssm:*:*:servicesetting/ssm/opsdata/ExplorerOnboarded\", \"arn:aws:ssm:*:*:servicesetting/ssm/opsdata/Association\", \"arn:aws:ssm:*:*:servicesetting/ssm/opsdata/ComputeOptimizer\", \"arn:aws:ssm:*:*:servicesetting/ssm/opsdata/ConfigCompliance\", \"arn:aws:ssm:*:*:servicesetting/ssm/opsdata/OpsData-TrustedAdvisor\", \"arn:aws:ssm:*:*:servicesetting/ssm/opsdata/SupportCenterCase\"], \"Effect\": \"Allow\"}, {\"Condition\": {\"StringEquals\": {\"iam:AWSServiceName\": \"ssm.amazonaws.com\"}}, \"Action\": [\"iam:CreateServiceLinkedRole\"], \"Resource\": \"arn:aws:iam::*:role/aws-service-role/ssm.amazonaws.com/AWSServiceRoleForAmazonSSM\", \"Effect\": \"Allow\"}]}",
            "role": "AWS-QuickSetup-HostMgmtRole-eu-west-1-j1ic5"
          },
          "sensitive_attributes": []
        }
      ]
    },
    {
      "mode": "managed",
      "type": "aws_iam_role_policy",
      "name": "AWS_QuickSetup_HostMgmtRole_eu_west_2_j1ic5_AWS_QuickSetup_SSMHostMgmt_CreateAndAttachRoleInlinePolicy_eu_west_2_j1ic5",
      "provider": "provider[\"registry.terraform.io/hashicorp/aws\"]",
      "instances": [
        {
          "schema_version": 0,
          "attributes": {
            "id": "AWS-QuickSetup-HostMgmtRole-eu-west-2-j1ic5:AWS-QuickSetup-SSMHostMgmt-CreateAndAttachRoleInlinePolicy-eu-west-2-j1ic5",
            "name": "AWS-QuickSetup-SSMHostMgmt-CreateAndAttachRoleInlinePolicy-eu-west-2-j1ic5",
            "name_prefix": null,
            "policy": "{\"Version\": \"2012-10-17\", \"Statement\": [{\"Action\": [\"ssm:GetAutomationExecution\", \"ec2:DescribeIamInstanceProfileAssociations\", \"ec2:DisassociateIamInstanceProfile\", \"ec2:DescribeInstances\", \"ssm:StartAutomationExecution\", \"iam:GetInstanceProfile\", \"iam:ListInstanceProfilesForRole\"], \"Resource\": \"*\", \"Effect\": \"Allow\"}, {\"Condition\": {\"ArnEquals\": {\"iam:PolicyARN\": [\"arn:aws:iam::aws:policy/AmazonSSMManagedInstanceCore\", \"arn:aws:iam::aws:policy/AmazonSSMPatchAssociation\"]}}, \"Action\": [\"iam:AttachRolePolicy\"], \"Resource\": [\"*\"], \"Effect\": \"Allow\"}, {\"Action\": [\"iam:AddRoleToInstanceProfile\"], \"Resource\": [\"arn:aws:iam::169684386827:instance-profile/AmazonSSMRoleForInstancesQuickSetup\"], \"Effect\": \"Allow\"}, {\"Condition\": {\"StringEquals\": {\"ec2:NewInstanceProfile\": \"arn:aws:iam::169684386827:instance-profile/AmazonSSMRoleForInstancesQuickSetup\"}}, \"Action\": [\"ec2:AssociateIamInstanceProfile\"], \"Resource\": \"*\", \"Effect\": \"Allow\"}, {\"Action\": [\"iam:CreateInstanceProfile\"], \"Resource\": [\"arn:aws:iam::169684386827:instance-profile/AmazonSSMRoleForInstancesQuickSetup\"], \"Effect\": \"Allow\"}, {\"Action\": [\"iam:GetRole\"], \"Resource\": [\"arn:aws:iam::169684386827:role/AmazonSSMRoleForInstancesQuickSetup\", \"arn:aws:iam::169684386827:role/AWS-QuickSetup-HostMgmtRole-eu-west-2-j1ic5\"], \"Effect\": \"Allow\"}, {\"Condition\": {\"StringEquals\": {\"iam:PassedToService\": [\"ec2.amazonaws.com\"]}}, \"Action\": [\"iam:PassRole\"], \"Resource\": [\"arn:aws:iam::169684386827:role/AmazonSSMRoleForInstancesQuickSetup\"], \"Effect\": \"Allow\"}, {\"Condition\": {\"StringEquals\": {\"iam:PassedToService\": [\"ssm.amazonaws.com\"]}}, \"Action\": [\"iam:PassRole\"], \"Resource\": [\"arn:aws:iam::169684386827:role/AWS-QuickSetup-HostMgmtRole-eu-west-2-j1ic5\"], \"Effect\": \"Allow\"}, {\"Action\": [\"iam:CreateRole\"], \"Resource\": [\"arn:aws:iam::169684386827:role/AmazonSSMRoleForInstancesQuickSetup\"], \"Effect\": \"Allow\"}]}",
            "role": "AWS-QuickSetup-HostMgmtRole-eu-west-2-j1ic5"
          },
          "sensitive_attributes": []
        }
      ]
    },
    {
      "mode": "managed",
      "type": "aws_iam_role_policy",
      "name": "AWS_QuickSetup_HostMgmtRole_eu_west_2_j1ic5_SSMQuickSetupEnableExplorerInlinePolicy",
      "provider": "provider[\"registry.terraform.io/hashicorp/aws\"]",
      "instances": [
        {
          "schema_version": 0,
          "attributes": {
            "id": "AWS-QuickSetup-HostMgmtRole-eu-west-2-j1ic5:SSMQuickSetupEnableExplorerInlinePolicy",
            "name": "SSMQuickSetupEnableExplorerInlinePolicy",
            "name_prefix": null,
            "policy": "{\"Version\": \"2012-10-17\", \"Statement\": [{\"Action\": [\"iam:ListRoles\", \"config:DescribeConfigurationRecorders\", \"compute-optimizer:GetEnrollmentStatus\", \"support:DescribeTrustedAdvisorChecks\"], \"Resource\": \"*\", \"Effect\": \"Allow\"}, {\"Action\": [\"ssm:UpdateServiceSetting\", \"ssm:GetServiceSetting\"], \"Resource\": [\"arn:aws:ssm:*:*:servicesetting/ssm/opsitem/ssm-patchmanager\", \"arn:aws:ssm:*:*:servicesetting/ssm/opsitem/EC2\", \"arn:aws:ssm:*:*:servicesetting/ssm/opsdata/ExplorerOnboarded\", \"arn:aws:ssm:*:*:servicesetting/ssm/opsdata/Association\", \"arn:aws:ssm:*:*:servicesetting/ssm/opsdata/ComputeOptimizer\", \"arn:aws:ssm:*:*:servicesetting/ssm/opsdata/ConfigCompliance\", \"arn:aws:ssm:*:*:servicesetting/ssm/opsdata/OpsData-TrustedAdvisor\", \"arn:aws:ssm:*:*:servicesetting/ssm/opsdata/SupportCenterCase\"], \"Effect\": \"Allow\"}, {\"Condition\": {\"StringEquals\": {\"iam:AWSServiceName\": \"ssm.amazonaws.com\"}}, \"Action\": [\"iam:CreateServiceLinkedRole\"], \"Resource\": \"arn:aws:iam::*:role/aws-service-role/ssm.amazonaws.com/AWSServiceRoleForAmazonSSM\", \"Effect\": \"Allow\"}]}",
            "role": "AWS-QuickSetup-HostMgmtRole-eu-west-2-j1ic5"
          },
          "sensitive_attributes": []
        }
      ]
    },
    {
      "mode": "managed",
      "type": "aws_iam_role_policy",
      "name": "AWS_QuickSetup_HostMgmtRole_eu_west_3_j1ic5_AWS_QuickSetup_SSMHostMgmt_CreateAndAttachRoleInlinePolicy_eu_west_3_j1ic5",
      "provider": "provider[\"registry.terraform.io/hashicorp/aws\"]",
      "instances": [
        {
          "schema_version": 0,
          "attributes": {
            "id": "AWS-QuickSetup-HostMgmtRole-eu-west-3-j1ic5:AWS-QuickSetup-SSMHostMgmt-CreateAndAttachRoleInlinePolicy-eu-west-3-j1ic5",
            "name": "AWS-QuickSetup-SSMHostMgmt-CreateAndAttachRoleInlinePolicy-eu-west-3-j1ic5",
            "name_prefix": null,
            "policy": "{\"Version\": \"2012-10-17\", \"Statement\": [{\"Action\": [\"ssm:GetAutomationExecution\", \"ec2:DescribeIamInstanceProfileAssociations\", \"ec2:DisassociateIamInstanceProfile\", \"ec2:DescribeInstances\", \"ssm:StartAutomationExecution\", \"iam:GetInstanceProfile\", \"iam:ListInstanceProfilesForRole\"], \"Resource\": \"*\", \"Effect\": \"Allow\"}, {\"Condition\": {\"ArnEquals\": {\"iam:PolicyARN\": [\"arn:aws:iam::aws:policy/AmazonSSMManagedInstanceCore\", \"arn:aws:iam::aws:policy/AmazonSSMPatchAssociation\"]}}, \"Action\": [\"iam:AttachRolePolicy\"], \"Resource\": [\"*\"], \"Effect\": \"Allow\"}, {\"Action\": [\"iam:AddRoleToInstanceProfile\"], \"Resource\": [\"arn:aws:iam::169684386827:instance-profile/AmazonSSMRoleForInstancesQuickSetup\"], \"Effect\": \"Allow\"}, {\"Condition\": {\"StringEquals\": {\"ec2:NewInstanceProfile\": \"arn:aws:iam::169684386827:instance-profile/AmazonSSMRoleForInstancesQuickSetup\"}}, \"Action\": [\"ec2:AssociateIamInstanceProfile\"], \"Resource\": \"*\", \"Effect\": \"Allow\"}, {\"Action\": [\"iam:CreateInstanceProfile\"], \"Resource\": [\"arn:aws:iam::169684386827:instance-profile/AmazonSSMRoleForInstancesQuickSetup\"], \"Effect\": \"Allow\"}, {\"Action\": [\"iam:GetRole\"], \"Resource\": [\"arn:aws:iam::169684386827:role/AmazonSSMRoleForInstancesQuickSetup\", \"arn:aws:iam::169684386827:role/AWS-QuickSetup-HostMgmtRole-eu-west-3-j1ic5\"], \"Effect\": \"Allow\"}, {\"Condition\": {\"StringEquals\": {\"iam:PassedToService\": [\"ec2.amazonaws.com\"]}}, \"Action\": [\"iam:PassRole\"], \"Resource\": [\"arn:aws:iam::169684386827:role/AmazonSSMRoleForInstancesQuickSetup\"], \"Effect\": \"Allow\"}, {\"Condition\": {\"StringEquals\": {\"iam:PassedToService\": [\"ssm.amazonaws.com\"]}}, \"Action\": [\"iam:PassRole\"], \"Resource\": [\"arn:aws:iam::169684386827:role/AWS-QuickSetup-HostMgmtRole-eu-west-3-j1ic5\"], \"Effect\": \"Allow\"}, {\"Action\": [\"iam:CreateRole\"], \"Resource\": [\"arn:aws:iam::169684386827:role/AmazonSSMRoleForInstancesQuickSetup\"], \"Effect\": \"Allow\"}]}",
            "role": "AWS-QuickSetup-HostMgmtRole-eu-west-3-j1ic5"
          },
          "sensitive_attributes": []
        }
      ]
    },
    {
      "mode": "managed",
      "type": "aws_iam_role_policy",
      "name": "AWS_QuickSetup_HostMgmtRole_eu_west_3_j1ic5_SSMQuickSetupEnableExplorerInlinePolicy",
      "provider": "provider[\"registry.terraform.io/hashicorp/aws\"]",
      "instances": [
        {
          "schema_version": 0,
          "attributes": {
            "id": "AWS-QuickSetup-HostMgmtRole-eu-west-3-j1ic5:SSMQuickSetupEnableExplorerInlinePolicy",
            "name": "SSMQuickSetupEnableExplorerInlinePolicy",
            "name_prefix": null,
            "policy": "{\"Version\": \"2012-10-17\", \"Statement\": [{\"Action\": [\"iam:ListRoles\", \"config:DescribeConfigurationRecorders\", \"compute-optimizer:GetEnrollmentStatus\", \"support:DescribeTrustedAdvisorChecks\"], \"Resource\": \"*\", \"Effect\": \"Allow\"}, {\"Action\": [\"ssm:UpdateServiceSetting\", \"ssm:GetServiceSetting\"], \"Resource\": [\"arn:aws:ssm:*:*:servicesetting/ssm/opsitem/ssm-patchmanager\", \"arn:aws:ssm:*:*:servicesetting/ssm/opsitem/EC2\", \"arn:aws:ssm:*:*:servicesetting/ssm/opsdata/ExplorerOnboarded\", \"arn:aws:ssm:*:*:servicesetting/ssm/opsdata/Association\", \"arn:aws:ssm:*:*:servicesetting/ssm/opsdata/ComputeOptimizer\", \"arn:aws:ssm:*:*:servicesetting/ssm/opsdata/ConfigCompliance\", \"arn:aws:ssm:*:*:servicesetting/ssm/opsdata/OpsData-TrustedAdvisor\", \"arn:aws:ssm:*:*:servicesetting/ssm/opsdata/SupportCenterCase\"], \"Effect\": \"Allow\"}, {\"Condition\": {\"StringEquals\": {\"iam:AWSServiceName\": \"ssm.amazonaws.com\"}}, \"Action\": [\"iam:CreateServiceLinkedRole\"], \"Resource\": \"arn:aws:iam::*:role/aws-service-role/ssm.amazonaws.com/AWSServiceRoleForAmazonSSM\", \"Effect\": \"Allow\"}]}",
            "role": "AWS-QuickSetup-HostMgmtRole-eu-west-3-j1ic5"
          },
          "sensitive_attributes": []
        }
      ]
    },
    {
      "mode": "managed",
      "type": "aws_iam_role_policy",
      "name": "AWS_QuickSetup_HostMgmtRole_sa_east_1_j1ic5_AWS_QuickSetup_SSMHostMgmt_CreateAndAttachRoleInlinePolicy_sa_east_1_j1ic5",
      "provider": "provider[\"registry.terraform.io/hashicorp/aws\"]",
      "instances": [
        {
          "schema_version": 0,
          "attributes": {
            "id": "AWS-QuickSetup-HostMgmtRole-sa-east-1-j1ic5:AWS-QuickSetup-SSMHostMgmt-CreateAndAttachRoleInlinePolicy-sa-east-1-j1ic5",
            "name": "AWS-QuickSetup-SSMHostMgmt-CreateAndAttachRoleInlinePolicy-sa-east-1-j1ic5",
            "name_prefix": null,
            "policy": "{\"Version\": \"2012-10-17\", \"Statement\": [{\"Action\": [\"ssm:GetAutomationExecution\", \"ec2:DescribeIamInstanceProfileAssociations\", \"ec2:DisassociateIamInstanceProfile\", \"ec2:DescribeInstances\", \"ssm:StartAutomationExecution\", \"iam:GetInstanceProfile\", \"iam:ListInstanceProfilesForRole\"], \"Resource\": \"*\", \"Effect\": \"Allow\"}, {\"Condition\": {\"ArnEquals\": {\"iam:PolicyARN\": [\"arn:aws:iam::aws:policy/AmazonSSMManagedInstanceCore\", \"arn:aws:iam::aws:policy/AmazonSSMPatchAssociation\"]}}, \"Action\": [\"iam:AttachRolePolicy\"], \"Resource\": [\"*\"], \"Effect\": \"Allow\"}, {\"Action\": [\"iam:AddRoleToInstanceProfile\"], \"Resource\": [\"arn:aws:iam::169684386827:instance-profile/AmazonSSMRoleForInstancesQuickSetup\"], \"Effect\": \"Allow\"}, {\"Condition\": {\"StringEquals\": {\"ec2:NewInstanceProfile\": \"arn:aws:iam::169684386827:instance-profile/AmazonSSMRoleForInstancesQuickSetup\"}}, \"Action\": [\"ec2:AssociateIamInstanceProfile\"], \"Resource\": \"*\", \"Effect\": \"Allow\"}, {\"Action\": [\"iam:CreateInstanceProfile\"], \"Resource\": [\"arn:aws:iam::169684386827:instance-profile/AmazonSSMRoleForInstancesQuickSetup\"], \"Effect\": \"Allow\"}, {\"Action\": [\"iam:GetRole\"], \"Resource\": [\"arn:aws:iam::169684386827:role/AmazonSSMRoleForInstancesQuickSetup\", \"arn:aws:iam::169684386827:role/AWS-QuickSetup-HostMgmtRole-sa-east-1-j1ic5\"], \"Effect\": \"Allow\"}, {\"Condition\": {\"StringEquals\": {\"iam:PassedToService\": [\"ec2.amazonaws.com\"]}}, \"Action\": [\"iam:PassRole\"], \"Resource\": [\"arn:aws:iam::169684386827:role/AmazonSSMRoleForInstancesQuickSetup\"], \"Effect\": \"Allow\"}, {\"Condition\": {\"StringEquals\": {\"iam:PassedToService\": [\"ssm.amazonaws.com\"]}}, \"Action\": [\"iam:PassRole\"], \"Resource\": [\"arn:aws:iam::169684386827:role/AWS-QuickSetup-HostMgmtRole-sa-east-1-j1ic5\"], \"Effect\": \"Allow\"}, {\"Action\": [\"iam:CreateRole\"], \"Resource\": [\"arn:aws:iam::169684386827:role/AmazonSSMRoleForInstancesQuickSetup\"], \"Effect\": \"Allow\"}]}",
            "role": "AWS-QuickSetup-HostMgmtRole-sa-east-1-j1ic5"
          },
          "sensitive_attributes": []
        }
      ]
    },
    {
      "mode": "managed",
      "type": "aws_iam_role_policy",
      "name": "AWS_QuickSetup_HostMgmtRole_sa_east_1_j1ic5_SSMQuickSetupEnableExplorerInlinePolicy",
      "provider": "provider[\"registry.terraform.io/hashicorp/aws\"]",
      "instances": [
        {
          "schema_version": 0,
          "attributes": {
            "id": "AWS-QuickSetup-HostMgmtRole-sa-east-1-j1ic5:SSMQuickSetupEnableExplorerInlinePolicy",
            "name": "SSMQuickSetupEnableExplorerInlinePolicy",
            "name_prefix": null,
            "policy": "{\"Version\": \"2012-10-17\", \"Statement\": [{\"Action\": [\"iam:ListRoles\", \"config:DescribeConfigurationRecorders\", \"compute-optimizer:GetEnrollmentStatus\", \"support:DescribeTrustedAdvisorChecks\"], \"Resource\": \"*\", \"Effect\": \"Allow\"}, {\"Action\": [\"ssm:UpdateServiceSetting\", \"ssm:GetServiceSetting\"], \"Resource\": [\"arn:aws:ssm:*:*:servicesetting/ssm/opsitem/ssm-patchmanager\", \"arn:aws:ssm:*:*:servicesetting/ssm/opsitem/EC2\", \"arn:aws:ssm:*:*:servicesetting/ssm/opsdata/ExplorerOnboarded\", \"arn:aws:ssm:*:*:servicesetting/ssm/opsdata/Association\", \"arn:aws:ssm:*:*:servicesetting/ssm/opsdata/ComputeOptimizer\", \"arn:aws:ssm:*:*:servicesetting/ssm/opsdata/ConfigCompliance\", \"arn:aws:ssm:*:*:servicesetting/ssm/opsdata/OpsData-TrustedAdvisor\", \"arn:aws:ssm:*:*:servicesetting/ssm/opsdata/SupportCenterCase\"], \"Effect\": \"Allow\"}, {\"Condition\": {\"StringEquals\": {\"iam:AWSServiceName\": \"ssm.amazonaws.com\"}}, \"Action\": [\"iam:CreateServiceLinkedRole\"], \"Resource\": \"arn:aws:iam::*:role/aws-service-role/ssm.amazonaws.com/AWSServiceRoleForAmazonSSM\", \"Effect\": \"Allow\"}]}",
            "role": "AWS-QuickSetup-HostMgmtRole-sa-east-1-j1ic5"
          },
          "sensitive_attributes": []
        }
      ]
    },
    {
      "mode": "managed",
      "type": "aws_iam_role_policy",
      "name": "AWS_QuickSetup_HostMgmtRole_us_east_1_j1ic5_AWS_QuickSetup_SSMHostMgmt_CreateAndAttachRoleInlinePolicy_us_east_1_j1ic5",
      "provider": "provider[\"registry.terraform.io/hashicorp/aws\"]",
      "instances": [
        {
          "schema_version": 0,
          "attributes": {
            "id": "AWS-QuickSetup-HostMgmtRole-us-east-1-j1ic5:AWS-QuickSetup-SSMHostMgmt-CreateAndAttachRoleInlinePolicy-us-east-1-j1ic5",
            "name": "AWS-QuickSetup-SSMHostMgmt-CreateAndAttachRoleInlinePolicy-us-east-1-j1ic5",
            "name_prefix": null,
            "policy": "{\"Version\": \"2012-10-17\", \"Statement\": [{\"Action\": [\"ssm:GetAutomationExecution\", \"ec2:DescribeIamInstanceProfileAssociations\", \"ec2:DisassociateIamInstanceProfile\", \"ec2:DescribeInstances\", \"ssm:StartAutomationExecution\", \"iam:GetInstanceProfile\", \"iam:ListInstanceProfilesForRole\"], \"Resource\": \"*\", \"Effect\": \"Allow\"}, {\"Condition\": {\"ArnEquals\": {\"iam:PolicyARN\": [\"arn:aws:iam::aws:policy/AmazonSSMManagedInstanceCore\", \"arn:aws:iam::aws:policy/AmazonSSMPatchAssociation\"]}}, \"Action\": [\"iam:AttachRolePolicy\"], \"Resource\": [\"*\"], \"Effect\": \"Allow\"}, {\"Action\": [\"iam:AddRoleToInstanceProfile\"], \"Resource\": [\"arn:aws:iam::169684386827:instance-profile/AmazonSSMRoleForInstancesQuickSetup\"], \"Effect\": \"Allow\"}, {\"Condition\": {\"StringEquals\": {\"ec2:NewInstanceProfile\": \"arn:aws:iam::169684386827:instance-profile/AmazonSSMRoleForInstancesQuickSetup\"}}, \"Action\": [\"ec2:AssociateIamInstanceProfile\"], \"Resource\": \"*\", \"Effect\": \"Allow\"}, {\"Action\": [\"iam:CreateInstanceProfile\"], \"Resource\": [\"arn:aws:iam::169684386827:instance-profile/AmazonSSMRoleForInstancesQuickSetup\"], \"Effect\": \"Allow\"}, {\"Action\": [\"iam:GetRole\"], \"Resource\": [\"arn:aws:iam::169684386827:role/AmazonSSMRoleForInstancesQuickSetup\", \"arn:aws:iam::169684386827:role/AWS-QuickSetup-HostMgmtRole-us-east-1-j1ic5\"], \"Effect\": \"Allow\"}, {\"Condition\": {\"StringEquals\": {\"iam:PassedToService\": [\"ec2.amazonaws.com\"]}}, \"Action\": [\"iam:PassRole\"], \"Resource\": [\"arn:aws:iam::169684386827:role/AmazonSSMRoleForInstancesQuickSetup\"], \"Effect\": \"Allow\"}, {\"Condition\": {\"StringEquals\": {\"iam:PassedToService\": [\"ssm.amazonaws.com\"]}}, \"Action\": [\"iam:PassRole\"], \"Resource\": [\"arn:aws:iam::169684386827:role/AWS-QuickSetup-HostMgmtRole-us-east-1-j1ic5\"], \"Effect\": \"Allow\"}, {\"Action\": [\"iam:CreateRole\"], \"Resource\": [\"arn:aws:iam::169684386827:role/AmazonSSMRoleForInstancesQuickSetup\"], \"Effect\": \"Allow\"}]}",
            "role": "AWS-QuickSetup-HostMgmtRole-us-east-1-j1ic5"
          },
          "sensitive_attributes": []
        }
      ]
    },
    {
      "mode": "managed",
      "type": "aws_iam_role_policy",
      "name": "AWS_QuickSetup_HostMgmtRole_us_east_1_j1ic5_SSMQuickSetupEnableExplorerInlinePolicy",
      "provider": "provider[\"registry.terraform.io/hashicorp/aws\"]",
      "instances": [
        {
          "schema_version": 0,
          "attributes": {
            "id": "AWS-QuickSetup-HostMgmtRole-us-east-1-j1ic5:SSMQuickSetupEnableExplorerInlinePolicy",
            "name": "SSMQuickSetupEnableExplorerInlinePolicy",
            "name_prefix": null,
            "policy": "{\"Version\": \"2012-10-17\", \"Statement\": [{\"Action\": [\"iam:ListRoles\", \"config:DescribeConfigurationRecorders\", \"compute-optimizer:GetEnrollmentStatus\", \"support:DescribeTrustedAdvisorChecks\"], \"Resource\": \"*\", \"Effect\": \"Allow\"}, {\"Action\": [\"ssm:UpdateServiceSetting\", \"ssm:GetServiceSetting\"], \"Resource\": [\"arn:aws:ssm:*:*:servicesetting/ssm/opsitem/ssm-patchmanager\", \"arn:aws:ssm:*:*:servicesetting/ssm/opsitem/EC2\", \"arn:aws:ssm:*:*:servicesetting/ssm/opsdata/ExplorerOnboarded\", \"arn:aws:ssm:*:*:servicesetting/ssm/opsdata/Association\", \"arn:aws:ssm:*:*:servicesetting/ssm/opsdata/ComputeOptimizer\", \"arn:aws:ssm:*:*:servicesetting/ssm/opsdata/ConfigCompliance\", \"arn:aws:ssm:*:*:servicesetting/ssm/opsdata/OpsData-TrustedAdvisor\", \"arn:aws:ssm:*:*:servicesetting/ssm/opsdata/SupportCenterCase\"], \"Effect\": \"Allow\"}, {\"Condition\": {\"StringEquals\": {\"iam:AWSServiceName\": \"ssm.amazonaws.com\"}}, \"Action\": [\"iam:CreateServiceLinkedRole\"], \"Resource\": \"arn:aws:iam::*:role/aws-service-role/ssm.amazonaws.com/AWSServiceRoleForAmazonSSM\", \"Effect\": \"Allow\"}]}",
            "role": "AWS-QuickSetup-HostMgmtRole-us-east-1-j1ic5"
          },
          "sensitive_attributes": []
        }
      ]
    },
    {
      "mode": "managed",
      "type": "aws_iam_role_policy",
      "name": "AWS_QuickSetup_HostMgmtRole_us_east_2_j1ic5_AWS_QuickSetup_SSMHostMgmt_CreateAndAttachRoleInlinePolicy_us_east_2_j1ic5",
      "provider": "provider[\"registry.terraform.io/hashicorp/aws\"]",
      "instances": [
        {
          "schema_version": 0,
          "attributes": {
            "id": "AWS-QuickSetup-HostMgmtRole-us-east-2-j1ic5:AWS-QuickSetup-SSMHostMgmt-CreateAndAttachRoleInlinePolicy-us-east-2-j1ic5",
            "name": "AWS-QuickSetup-SSMHostMgmt-CreateAndAttachRoleInlinePolicy-us-east-2-j1ic5",
            "name_prefix": null,
            "policy": "{\"Version\": \"2012-10-17\", \"Statement\": [{\"Action\": [\"ssm:GetAutomationExecution\", \"ec2:DescribeIamInstanceProfileAssociations\", \"ec2:DisassociateIamInstanceProfile\", \"ec2:DescribeInstances\", \"ssm:StartAutomationExecution\", \"iam:GetInstanceProfile\", \"iam:ListInstanceProfilesForRole\"], \"Resource\": \"*\", \"Effect\": \"Allow\"}, {\"Condition\": {\"ArnEquals\": {\"iam:PolicyARN\": [\"arn:aws:iam::aws:policy/AmazonSSMManagedInstanceCore\", \"arn:aws:iam::aws:policy/AmazonSSMPatchAssociation\"]}}, \"Action\": [\"iam:AttachRolePolicy\"], \"Resource\": [\"*\"], \"Effect\": \"Allow\"}, {\"Action\": [\"iam:AddRoleToInstanceProfile\"], \"Resource\": [\"arn:aws:iam::169684386827:instance-profile/AmazonSSMRoleForInstancesQuickSetup\"], \"Effect\": \"Allow\"}, {\"Condition\": {\"StringEquals\": {\"ec2:NewInstanceProfile\": \"arn:aws:iam::169684386827:instance-profile/AmazonSSMRoleForInstancesQuickSetup\"}}, \"Action\": [\"ec2:AssociateIamInstanceProfile\"], \"Resource\": \"*\", \"Effect\": \"Allow\"}, {\"Action\": [\"iam:CreateInstanceProfile\"], \"Resource\": [\"arn:aws:iam::169684386827:instance-profile/AmazonSSMRoleForInstancesQuickSetup\"], \"Effect\": \"Allow\"}, {\"Action\": [\"iam:GetRole\"], \"Resource\": [\"arn:aws:iam::169684386827:role/AmazonSSMRoleForInstancesQuickSetup\", \"arn:aws:iam::169684386827:role/AWS-QuickSetup-HostMgmtRole-us-east-2-j1ic5\"], \"Effect\": \"Allow\"}, {\"Condition\": {\"StringEquals\": {\"iam:PassedToService\": [\"ec2.amazonaws.com\"]}}, \"Action\": [\"iam:PassRole\"], \"Resource\": [\"arn:aws:iam::169684386827:role/AmazonSSMRoleForInstancesQuickSetup\"], \"Effect\": \"Allow\"}, {\"Condition\": {\"StringEquals\": {\"iam:PassedToService\": [\"ssm.amazonaws.com\"]}}, \"Action\": [\"iam:PassRole\"], \"Resource\": [\"arn:aws:iam::169684386827:role/AWS-QuickSetup-HostMgmtRole-us-east-2-j1ic5\"], \"Effect\": \"Allow\"}, {\"Action\": [\"iam:CreateRole\"], \"Resource\": [\"arn:aws:iam::169684386827:role/AmazonSSMRoleForInstancesQuickSetup\"], \"Effect\": \"Allow\"}]}",
            "role": "AWS-QuickSetup-HostMgmtRole-us-east-2-j1ic5"
          },
          "sensitive_attributes": []
        }
      ]
    },
    {
      "mode": "managed",
      "type": "aws_iam_role_policy",
      "name": "AWS_QuickSetup_HostMgmtRole_us_east_2_j1ic5_SSMQuickSetupEnableExplorerInlinePolicy",
      "provider": "provider[\"registry.terraform.io/hashicorp/aws\"]",
      "instances": [
        {
          "schema_version": 0,
          "attributes": {
            "id": "AWS-QuickSetup-HostMgmtRole-us-east-2-j1ic5:SSMQuickSetupEnableExplorerInlinePolicy",
            "name": "SSMQuickSetupEnableExplorerInlinePolicy",
            "name_prefix": null,
            "policy": "{\"Version\": \"2012-10-17\", \"Statement\": [{\"Action\": [\"iam:ListRoles\", \"config:DescribeConfigurationRecorders\", \"compute-optimizer:GetEnrollmentStatus\", \"support:DescribeTrustedAdvisorChecks\"], \"Resource\": \"*\", \"Effect\": \"Allow\"}, {\"Action\": [\"ssm:UpdateServiceSetting\", \"ssm:GetServiceSetting\"], \"Resource\": [\"arn:aws:ssm:*:*:servicesetting/ssm/opsitem/ssm-patchmanager\", \"arn:aws:ssm:*:*:servicesetting/ssm/opsitem/EC2\", \"arn:aws:ssm:*:*:servicesetting/ssm/opsdata/ExplorerOnboarded\", \"arn:aws:ssm:*:*:servicesetting/ssm/opsdata/Association\", \"arn:aws:ssm:*:*:servicesetting/ssm/opsdata/ComputeOptimizer\", \"arn:aws:ssm:*:*:servicesetting/ssm/opsdata/ConfigCompliance\", \"arn:aws:ssm:*:*:servicesetting/ssm/opsdata/OpsData-TrustedAdvisor\", \"arn:aws:ssm:*:*:servicesetting/ssm/opsdata/SupportCenterCase\"], \"Effect\": \"Allow\"}, {\"Condition\": {\"StringEquals\": {\"iam:AWSServiceName\": \"ssm.amazonaws.com\"}}, \"Action\": [\"iam:CreateServiceLinkedRole\"], \"Resource\": \"arn:aws:iam::*:role/aws-service-role/ssm.amazonaws.com/AWSServiceRoleForAmazonSSM\", \"Effect\": \"Allow\"}]}",
            "role": "AWS-QuickSetup-HostMgmtRole-us-east-2-j1ic5"
          },
          "sensitive_attributes": []
        }
      ]
    },
    {
      "mode": "managed",
      "type": "aws_iam_role_policy",
      "name": "AWS_QuickSetup_HostMgmtRole_us_west_1_j1ic5_AWS_QuickSetup_SSMHostMgmt_CreateAndAttachRoleInlinePolicy_us_west_1_j1ic5",
      "provider": "provider[\"registry.terraform.io/hashicorp/aws\"]",
      "instances": [
        {
          "schema_version": 0,
          "attributes": {
            "id": "AWS-QuickSetup-HostMgmtRole-us-west-1-j1ic5:AWS-QuickSetup-SSMHostMgmt-CreateAndAttachRoleInlinePolicy-us-west-1-j1ic5",
            "name": "AWS-QuickSetup-SSMHostMgmt-CreateAndAttachRoleInlinePolicy-us-west-1-j1ic5",
            "name_prefix": null,
            "policy": "{\"Version\": \"2012-10-17\", \"Statement\": [{\"Action\": [\"ssm:GetAutomationExecution\", \"ec2:DescribeIamInstanceProfileAssociations\", \"ec2:DisassociateIamInstanceProfile\", \"ec2:DescribeInstances\", \"ssm:StartAutomationExecution\", \"iam:GetInstanceProfile\", \"iam:ListInstanceProfilesForRole\"], \"Resource\": \"*\", \"Effect\": \"Allow\"}, {\"Condition\": {\"ArnEquals\": {\"iam:PolicyARN\": [\"arn:aws:iam::aws:policy/AmazonSSMManagedInstanceCore\", \"arn:aws:iam::aws:policy/AmazonSSMPatchAssociation\"]}}, \"Action\": [\"iam:AttachRolePolicy\"], \"Resource\": [\"*\"], \"Effect\": \"Allow\"}, {\"Action\": [\"iam:AddRoleToInstanceProfile\"], \"Resource\": [\"arn:aws:iam::169684386827:instance-profile/AmazonSSMRoleForInstancesQuickSetup\"], \"Effect\": \"Allow\"}, {\"Condition\": {\"StringEquals\": {\"ec2:NewInstanceProfile\": \"arn:aws:iam::169684386827:instance-profile/AmazonSSMRoleForInstancesQuickSetup\"}}, \"Action\": [\"ec2:AssociateIamInstanceProfile\"], \"Resource\": \"*\", \"Effect\": \"Allow\"}, {\"Action\": [\"iam:CreateInstanceProfile\"], \"Resource\": [\"arn:aws:iam::169684386827:instance-profile/AmazonSSMRoleForInstancesQuickSetup\"], \"Effect\": \"Allow\"}, {\"Action\": [\"iam:GetRole\"], \"Resource\": [\"arn:aws:iam::169684386827:role/AmazonSSMRoleForInstancesQuickSetup\", \"arn:aws:iam::169684386827:role/AWS-QuickSetup-HostMgmtRole-us-west-1-j1ic5\"], \"Effect\": \"Allow\"}, {\"Condition\": {\"StringEquals\": {\"iam:PassedToService\": [\"ec2.amazonaws.com\"]}}, \"Action\": [\"iam:PassRole\"], \"Resource\": [\"arn:aws:iam::169684386827:role/AmazonSSMRoleForInstancesQuickSetup\"], \"Effect\": \"Allow\"}, {\"Condition\": {\"StringEquals\": {\"iam:PassedToService\": [\"ssm.amazonaws.com\"]}}, \"Action\": [\"iam:PassRole\"], \"Resource\": [\"arn:aws:iam::169684386827:role/AWS-QuickSetup-HostMgmtRole-us-west-1-j1ic5\"], \"Effect\": \"Allow\"}, {\"Action\": [\"iam:CreateRole\"], \"Resource\": [\"arn:aws:iam::169684386827:role/AmazonSSMRoleForInstancesQuickSetup\"], \"Effect\": \"Allow\"}]}",
            "role": "AWS-QuickSetup-HostMgmtRole-us-west-1-j1ic5"
          },
          "sensitive_attributes": []
        }
      ]
    },
    {
      "mode": "managed",
      "type": "aws_iam_role_policy",
      "name": "AWS_QuickSetup_HostMgmtRole_us_west_1_j1ic5_SSMQuickSetupEnableExplorerInlinePolicy",
      "provider": "provider[\"registry.terraform.io/hashicorp/aws\"]",
      "instances": [
        {
          "schema_version": 0,
          "attributes": {
            "id": "AWS-QuickSetup-HostMgmtRole-us-west-1-j1ic5:SSMQuickSetupEnableExplorerInlinePolicy",
            "name": "SSMQuickSetupEnableExplorerInlinePolicy",
            "name_prefix": null,
            "policy": "{\"Version\": \"2012-10-17\", \"Statement\": [{\"Action\": [\"iam:ListRoles\", \"config:DescribeConfigurationRecorders\", \"compute-optimizer:GetEnrollmentStatus\", \"support:DescribeTrustedAdvisorChecks\"], \"Resource\": \"*\", \"Effect\": \"Allow\"}, {\"Action\": [\"ssm:UpdateServiceSetting\", \"ssm:GetServiceSetting\"], \"Resource\": [\"arn:aws:ssm:*:*:servicesetting/ssm/opsitem/ssm-patchmanager\", \"arn:aws:ssm:*:*:servicesetting/ssm/opsitem/EC2\", \"arn:aws:ssm:*:*:servicesetting/ssm/opsdata/ExplorerOnboarded\", \"arn:aws:ssm:*:*:servicesetting/ssm/opsdata/Association\", \"arn:aws:ssm:*:*:servicesetting/ssm/opsdata/ComputeOptimizer\", \"arn:aws:ssm:*:*:servicesetting/ssm/opsdata/ConfigCompliance\", \"arn:aws:ssm:*:*:servicesetting/ssm/opsdata/OpsData-TrustedAdvisor\", \"arn:aws:ssm:*:*:servicesetting/ssm/opsdata/SupportCenterCase\"], \"Effect\": \"Allow\"}, {\"Condition\": {\"StringEquals\": {\"iam:AWSServiceName\": \"ssm.amazonaws.com\"}}, \"Action\": [\"iam:CreateServiceLinkedRole\"], \"Resource\": \"arn:aws:iam::*:role/aws-service-role/ssm.amazonaws.com/AWSServiceRoleForAmazonSSM\", \"Effect\": \"Allow\"}]}",
            "role": "AWS-QuickSetup-HostMgmtRole-us-west-1-j1ic5"
          },
          "sensitive_attributes": []
        }
      ]
    },
    {
      "mode": "managed",
      "type": "aws_iam_role_policy",
      "name": "AWS_QuickSetup_HostMgmtRole_us_west_2_j1ic5_AWS_QuickSetup_SSMHostMgmt_CreateAndAttachRoleInlinePolicy_us_west_2_j1ic5",
      "provider": "provider[\"registry.terraform.io/hashicorp/aws\"]",
      "instances": [
        {
          "schema_version": 0,
          "attributes": {
            "id": "AWS-QuickSetup-HostMgmtRole-us-west-2-j1ic5:AWS-QuickSetup-SSMHostMgmt-CreateAndAttachRoleInlinePolicy-us-west-2-j1ic5",
            "name": "AWS-QuickSetup-SSMHostMgmt-CreateAndAttachRoleInlinePolicy-us-west-2-j1ic5",
            "name_prefix": null,
            "policy": "{\"Version\": \"2012-10-17\", \"Statement\": [{\"Action\": [\"ssm:GetAutomationExecution\", \"ec2:DescribeIamInstanceProfileAssociations\", \"ec2:DisassociateIamInstanceProfile\", \"ec2:DescribeInstances\", \"ssm:StartAutomationExecution\", \"iam:GetInstanceProfile\", \"iam:ListInstanceProfilesForRole\"], \"Resource\": \"*\", \"Effect\": \"Allow\"}, {\"Condition\": {\"ArnEquals\": {\"iam:PolicyARN\": [\"arn:aws:iam::aws:policy/AmazonSSMManagedInstanceCore\", \"arn:aws:iam::aws:policy/AmazonSSMPatchAssociation\"]}}, \"Action\": [\"iam:AttachRolePolicy\"], \"Resource\": [\"*\"], \"Effect\": \"Allow\"}, {\"Action\": [\"iam:AddRoleToInstanceProfile\"], \"Resource\": [\"arn:aws:iam::169684386827:instance-profile/AmazonSSMRoleForInstancesQuickSetup\"], \"Effect\": \"Allow\"}, {\"Condition\": {\"StringEquals\": {\"ec2:NewInstanceProfile\": \"arn:aws:iam::169684386827:instance-profile/AmazonSSMRoleForInstancesQuickSetup\"}}, \"Action\": [\"ec2:AssociateIamInstanceProfile\"], \"Resource\": \"*\", \"Effect\": \"Allow\"}, {\"Action\": [\"iam:CreateInstanceProfile\"], \"Resource\": [\"arn:aws:iam::169684386827:instance-profile/AmazonSSMRoleForInstancesQuickSetup\"], \"Effect\": \"Allow\"}, {\"Action\": [\"iam:GetRole\"], \"Resource\": [\"arn:aws:iam::169684386827:role/AmazonSSMRoleForInstancesQuickSetup\", \"arn:aws:iam::169684386827:role/AWS-QuickSetup-HostMgmtRole-us-west-2-j1ic5\"], \"Effect\": \"Allow\"}, {\"Condition\": {\"StringEquals\": {\"iam:PassedToService\": [\"ec2.amazonaws.com\"]}}, \"Action\": [\"iam:PassRole\"], \"Resource\": [\"arn:aws:iam::169684386827:role/AmazonSSMRoleForInstancesQuickSetup\"], \"Effect\": \"Allow\"}, {\"Condition\": {\"StringEquals\": {\"iam:PassedToService\": [\"ssm.amazonaws.com\"]}}, \"Action\": [\"iam:PassRole\"], \"Resource\": [\"arn:aws:iam::169684386827:role/AWS-QuickSetup-HostMgmtRole-us-west-2-j1ic5\"], \"Effect\": \"Allow\"}, {\"Action\": [\"iam:CreateRole\"], \"Resource\": [\"arn:aws:iam::169684386827:role/AmazonSSMRoleForInstancesQuickSetup\"], \"Effect\": \"Allow\"}]}",
            "role": "AWS-QuickSetup-HostMgmtRole-us-west-2-j1ic5"
          },
          "sensitive_attributes": []
        }
      ]
    },
    {
      "mode": "managed",
      "type": "aws_iam_role_policy",
      "name": "AWS_QuickSetup_HostMgmtRole_us_west_2_j1ic5_SSMQuickSetupEnableExplorerInlinePolicy",
      "provider": "provider[\"registry.terraform.io/hashicorp/aws\"]",
      "instances": [
        {
          "schema_version": 0,
          "attributes": {
            "id": "AWS-QuickSetup-HostMgmtRole-us-west-2-j1ic5:SSMQuickSetupEnableExplorerInlinePolicy",
            "name": "SSMQuickSetupEnableExplorerInlinePolicy",
            "name_prefix": null,
            "policy": "{\"Version\": \"2012-10-17\", \"Statement\": [{\"Action\": [\"iam:ListRoles\", \"config:DescribeConfigurationRecorders\", \"compute-optimizer:GetEnrollmentStatus\", \"support:DescribeTrustedAdvisorChecks\"], \"Resource\": \"*\", \"Effect\": \"Allow\"}, {\"Action\": [\"ssm:UpdateServiceSetting\", \"ssm:GetServiceSetting\"], \"Resource\": [\"arn:aws:ssm:*:*:servicesetting/ssm/opsitem/ssm-patchmanager\", \"arn:aws:ssm:*:*:servicesetting/ssm/opsitem/EC2\", \"arn:aws:ssm:*:*:servicesetting/ssm/opsdata/ExplorerOnboarded\", \"arn:aws:ssm:*:*:servicesetting/ssm/opsdata/Association\", \"arn:aws:ssm:*:*:servicesetting/ssm/opsdata/ComputeOptimizer\", \"arn:aws:ssm:*:*:servicesetting/ssm/opsdata/ConfigCompliance\", \"arn:aws:ssm:*:*:servicesetting/ssm/opsdata/OpsData-TrustedAdvisor\", \"arn:aws:ssm:*:*:servicesetting/ssm/opsdata/SupportCenterCase\"], \"Effect\": \"Allow\"}, {\"Condition\": {\"StringEquals\": {\"iam:AWSServiceName\": \"ssm.amazonaws.com\"}}, \"Action\": [\"iam:CreateServiceLinkedRole\"], \"Resource\": \"arn:aws:iam::*:role/aws-service-role/ssm.amazonaws.com/AWSServiceRoleForAmazonSSM\", \"Effect\": \"Allow\"}]}",
            "role": "AWS-QuickSetup-HostMgmtRole-us-west-2-j1ic5"
          },
          "sensitive_attributes": []
        }
      ]
    },
    {
      "mode": "managed",
      "type": "aws_iam_role_policy",
      "name": "cognito_auth_role_cognito_authat_edge",
      "provider": "provider[\"registry.terraform.io/hashicorp/aws\"]",
      "instances": [
        {
          "schema_version": 0,
          "attributes": {
            "id": "cognito_auth-role:cognito_authat-edge",
            "name": "cognito_authat-edge",
            "name_prefix": null,
            "policy": "{\"Version\": \"2012-10-17\", \"Statement\": [{\"Sid\": \"\", \"Effect\": \"Allow\", \"Action\": [\"logs:PutLogEvents\", \"logs:CreateLogStream\", \"logs:CreateLogGroup\"], \"Resource\": \"*\"}]}",
            "role": "cognito_auth-role"
          },
          "sensitive_attributes": []
        }
      ]
    },
    {
      "mode": "managed",
      "type": "aws_iam_role_policy",
      "name": "grafana_terraform_20220620141036775900000001",
      "provider": "provider[\"registry.terraform.io/hashicorp/aws\"]",
      "instances": [
        {
          "schema_version": 0,
          "attributes": {
            "id": "grafana:terraform-20220620141036775900000001",
            "name": "terraform-20220620141036775900000001",
            "name_prefix": null,
            "policy": "{\"Version\": \"2012-10-17\", \"Statement\": [{\"Sid\": \"AllowReadingMetricsFromCloudWatch\", \"Effect\": \"Allow\", \"Action\": [\"cloudwatch:DescribeAlarmsForMetric\", \"cloudwatch:DescribeAlarmHistory\", \"cloudwatch:DescribeAlarms\", \"cloudwatch:ListMetrics\", \"cloudwatch:GetMetricData\", \"cloudwatch:GetInsightRuleReport\"], \"Resource\": \"*\"}, {\"Sid\": \"AllowReadingLogsFromCloudWatch\", \"Effect\": \"Allow\", \"Action\": [\"logs:DescribeLogGroups\", \"logs:GetLogGroupFields\", \"logs:StartQuery\", \"logs:StopQuery\", \"logs:GetQueryResults\", \"logs:GetLogEvents\"], \"Resource\": \"*\"}, {\"Sid\": \"AllowReadingTagsInstancesRegionsFromEC2\", \"Effect\": \"Allow\", \"Action\": [\"ec2:DescribeTags\", \"ec2:DescribeInstances\", \"ec2:DescribeRegions\"], \"Resource\": \"*\"}, {\"Sid\": \"AllowReadingResourcesForTags\", \"Effect\": \"Allow\", \"Action\": \"tag:GetResources\", \"Resource\": \"*\"}]}",
            "role": "grafana"
          },
          "sensitive_attributes": []
        }
      ]
    },
    {
      "mode": "managed",
      "type": "aws_iam_role_policy",
      "name": "loki_terraform_20220705145329518800000001",
      "provider": "provider[\"registry.terraform.io/hashicorp/aws\"]",
      "instances": [
        {
          "schema_version": 0,
          "attributes": {
            "id": "loki:terraform-20220705145329518800000001",
            "name": "terraform-20220705145329518800000001",
            "name_prefix": null,
            "policy": "{\"Version\": \"2012-10-17\", \"Statement\": [{\"Effect\": \"Allow\", \"Action\": [\"s3:PutObject\", \"s3:GetObject\", \"s3:DeleteObject\"], \"Resource\": \"arn:aws:s3:::posthog-cloud-dev-us-east-1-loki/*\"}, {\"Effect\": \"Allow\", \"Action\": [\"s3:ListBucket\"], \"Resource\": \"arn:aws:s3:::posthog-cloud-dev-us-east-1-loki\"}]}",
            "role": "loki"
          },
          "sensitive_attributes": []
        }
      ]
    },
    {
      "mode": "managed",
      "type": "aws_iam_role_policy",
      "name": "test_ch_pr_1377_update_remote_servers_role_attach_to_network",
      "provider": "provider[\"registry.terraform.io/hashicorp/aws\"]",
      "instances": [
        {
          "schema_version": 0,
          "attributes": {
            "id": "test-ch-pr-1377-update_remote_servers_role:attach-to-network",
            "name": "attach-to-network",
            "name_prefix": null,
            "policy": "{\"Version\": \"2012-10-17\", \"Statement\": [{\"Action\": [\"ec2:DescribeNetworkInterfaces\", \"ec2:CreateNetworkInterface\", \"ec2:DeleteNetworkInterface\", \"ec2:DescribeInstances\", \"ec2:AttachNetworkInterface\"], \"Resource\": \"*\", \"Effect\": \"Allow\", \"Sid\": \"VpcOperations\"}, {\"Action\": [\"ec2:DescribeInstances\"], \"Resource\": \"*\", \"Effect\": \"Allow\", \"Sid\": \"InstanceOperations\"}, {\"Action\": [\"secretsmanager:GetSecretValue\"], \"Effect\": \"Allow\", \"Resource\": [\"arn:aws:secretsmanager:us-east-1:169684386827:secret:test-ch-pr-1377-internal_password-CUwVhu\"], \"Sid\": \"GetClickHousePassword\"}]}",
            "role": "test-ch-pr-1377-update_remote_servers_role"
          },
          "sensitive_attributes": []
        }
      ]
    },
    {
      "mode": "managed",
      "type": "aws_iam_role_policy",
      "name": "test_ch_pr_170_update_remote_servers_role_attach_to_network",
      "provider": "provider[\"registry.terraform.io/hashicorp/aws\"]",
      "instances": [
        {
          "schema_version": 0,
          "attributes": {
            "id": "test-ch-pr-170-update_remote_servers_role:attach-to-network",
            "name": "attach-to-network",
            "name_prefix": null,
            "policy": "{\"Version\": \"2012-10-17\", \"Statement\": [{\"Action\": [\"ec2:DescribeNetworkInterfaces\", \"ec2:CreateNetworkInterface\", \"ec2:DeleteNetworkInterface\", \"ec2:DescribeInstances\", \"ec2:AttachNetworkInterface\"], \"Resource\": \"*\", \"Effect\": \"Allow\", \"Sid\": \"VpcOperations\"}, {\"Action\": [\"ec2:DescribeInstances\"], \"Resource\": \"*\", \"Effect\": \"Allow\", \"Sid\": \"InstanceOperations\"}, {\"Action\": [\"secretsmanager:GetSecretValue\"], \"Effect\": \"Allow\", \"Resource\": [\"arn:aws:secretsmanager:us-east-1:169684386827:secret:test-ch-pr-170-internal_password-S0OdbQ\"], \"Sid\": \"GetClickHousePassword\"}]}",
            "role": "test-ch-pr-170-update_remote_servers_role"
          },
          "sensitive_attributes": []
        }
      ]
    },
    {
      "mode": "managed",
      "type": "aws_iam_role_policy",
      "name": "test_ch_pr_218_update_remote_servers_role_attach_to_network",
      "provider": "provider[\"registry.terraform.io/hashicorp/aws\"]",
      "instances": [
        {
          "schema_version": 0,
          "attributes": {
            "id": "test-ch-pr-218-update_remote_servers_role:attach-to-network",
            "name": "attach-to-network",
            "name_prefix": null,
            "policy": "{\"Version\": \"2012-10-17\", \"Statement\": [{\"Action\": [\"ec2:DescribeNetworkInterfaces\", \"ec2:CreateNetworkInterface\", \"ec2:DeleteNetworkInterface\", \"ec2:DescribeInstances\", \"ec2:AttachNetworkInterface\"], \"Resource\": \"*\", \"Effect\": \"Allow\", \"Sid\": \"VpcOperations\"}, {\"Action\": [\"ec2:DescribeInstances\"], \"Resource\": \"*\", \"Effect\": \"Allow\", \"Sid\": \"InstanceOperations\"}, {\"Action\": [\"secretsmanager:GetSecretValue\"], \"Effect\": \"Allow\", \"Resource\": [\"arn:aws:secretsmanager:us-east-1:169684386827:secret:test-ch-pr-218-internal_password-wKTrNN\"], \"Sid\": \"GetClickHousePassword\"}]}",
            "role": "test-ch-pr-218-update_remote_servers_role"
          },
          "sensitive_attributes": []
        }
      ]
    },
    {
      "mode": "managed",
      "type": "aws_iam_role_policy",
      "name": "test_ch_pr_229_update_remote_servers_role_attach_to_network",
      "provider": "provider[\"registry.terraform.io/hashicorp/aws\"]",
      "instances": [
        {
          "schema_version": 0,
          "attributes": {
            "id": "test-ch-pr-229-update_remote_servers_role:attach-to-network",
            "name": "attach-to-network",
            "name_prefix": null,
            "policy": "{\"Version\": \"2012-10-17\", \"Statement\": [{\"Action\": [\"ec2:DescribeNetworkInterfaces\", \"ec2:CreateNetworkInterface\", \"ec2:DeleteNetworkInterface\", \"ec2:DescribeInstances\", \"ec2:AttachNetworkInterface\"], \"Resource\": \"*\", \"Effect\": \"Allow\", \"Sid\": \"VpcOperations\"}, {\"Action\": [\"ec2:DescribeInstances\"], \"Resource\": \"*\", \"Effect\": \"Allow\", \"Sid\": \"InstanceOperations\"}, {\"Action\": [\"secretsmanager:GetSecretValue\"], \"Effect\": \"Allow\", \"Resource\": [\"arn:aws:secretsmanager:us-east-1:169684386827:secret:test-ch-pr-229-internal_password-omgAsy\"], \"Sid\": \"GetClickHousePassword\"}]}",
            "role": "test-ch-pr-229-update_remote_servers_role"
          },
          "sensitive_attributes": []
        }
      ]
    },
    {
      "mode": "managed",
      "type": "aws_iam_role_policy",
      "name": "test_ch_pr_230_update_remote_servers_role_attach_to_network",
      "provider": "provider[\"registry.terraform.io/hashicorp/aws\"]",
      "instances": [
        {
          "schema_version": 0,
          "attributes": {
            "id": "test-ch-pr-230-update_remote_servers_role:attach-to-network",
            "name": "attach-to-network",
            "name_prefix": null,
            "policy": "{\"Version\": \"2012-10-17\", \"Statement\": [{\"Action\": [\"ec2:DescribeNetworkInterfaces\", \"ec2:CreateNetworkInterface\", \"ec2:DeleteNetworkInterface\", \"ec2:DescribeInstances\", \"ec2:AttachNetworkInterface\"], \"Resource\": \"*\", \"Effect\": \"Allow\", \"Sid\": \"VpcOperations\"}, {\"Action\": [\"ec2:DescribeInstances\"], \"Resource\": \"*\", \"Effect\": \"Allow\", \"Sid\": \"InstanceOperations\"}, {\"Action\": [\"secretsmanager:GetSecretValue\"], \"Effect\": \"Allow\", \"Resource\": [\"arn:aws:secretsmanager:us-east-1:169684386827:secret:test-ch-pr-230-internal_password-9mmmUu\"], \"Sid\": \"GetClickHousePassword\"}]}",
            "role": "test-ch-pr-230-update_remote_servers_role"
          },
          "sensitive_attributes": []
        }
      ]
    },
    {
      "mode": "managed",
      "type": "aws_iam_role_policy",
      "name": "test_ch_pr_485_update_remote_servers_role_attach_to_network",
      "provider": "provider[\"registry.terraform.io/hashicorp/aws\"]",
      "instances": [
        {
          "schema_version": 0,
          "attributes": {
            "id": "test-ch-pr-485-update_remote_servers_role:attach-to-network",
            "name": "attach-to-network",
            "name_prefix": null,
            "policy": "{\"Version\": \"2012-10-17\", \"Statement\": [{\"Action\": [\"ec2:DescribeNetworkInterfaces\", \"ec2:CreateNetworkInterface\", \"ec2:DeleteNetworkInterface\", \"ec2:DescribeInstances\", \"ec2:AttachNetworkInterface\"], \"Resource\": \"*\", \"Effect\": \"Allow\", \"Sid\": \"VpcOperations\"}, {\"Action\": [\"ec2:DescribeInstances\"], \"Resource\": \"*\", \"Effect\": \"Allow\", \"Sid\": \"InstanceOperations\"}, {\"Action\": [\"secretsmanager:GetSecretValue\"], \"Effect\": \"Allow\", \"Resource\": [\"arn:aws:secretsmanager:us-east-1:169684386827:secret:test-ch-pr-485-internal_password-d0CtpA\"], \"Sid\": \"GetClickHousePassword\"}]}",
            "role": "test-ch-pr-485-update_remote_servers_role"
          },
          "sensitive_attributes": []
        }
      ]
    },
    {
      "mode": "managed",
      "type": "aws_iam_role_policy",
      "name": "update_remote_servers_role_attach_to_network",
      "provider": "provider[\"registry.terraform.io/hashicorp/aws\"]",
      "instances": [
        {
          "schema_version": 0,
          "attributes": {
            "id": "update_remote_servers_role:attach-to-network",
            "name": "attach-to-network",
            "name_prefix": null,
            "policy": "{\"Version\": \"2012-10-17\", \"Statement\": [{\"Action\": [\"ec2:DescribeNetworkInterfaces\", \"ec2:CreateNetworkInterface\", \"ec2:DeleteNetworkInterface\", \"ec2:DescribeInstances\", \"ec2:AttachNetworkInterface\"], \"Resource\": \"*\", \"Effect\": \"Allow\", \"Sid\": \"VpcOperations\"}, {\"Action\": [\"ec2:DescribeInstances\"], \"Resource\": \"*\", \"Effect\": \"Allow\", \"Sid\": \"InstanceOperations\"}, {\"Action\": [\"secretsmanager:GetSecretValue\"], \"Effect\": \"Allow\", \"Resource\": [\"arn:aws:secretsmanager:us-east-1:169684386827:secret:internal_password-sqppaQ\"], \"Sid\": \"GetClickHousePassword\"}]}",
            "role": "update_remote_servers_role"
          },
          "sensitive_attributes": []
        }
      ]
    },
    {
      "mode": "managed",
      "type": "aws_iam_role_policy_attachment",
      "name": "AWSReservedSSO_administrators_0904d7a089e60584_policy_AdministratorAccess",
      "provider": "provider[\"registry.terraform.io/hashicorp/aws\"]",
      "instances": [
        {
          "schema_version": 0,
          "attributes": {
            "id": "AWSReservedSSO_administrators_0904d7a089e60584/arn:aws:iam::aws:policy/AdministratorAccess",
            "policy_arn": "arn:aws:iam::aws:policy/AdministratorAccess",
            "role": "AWSReservedSSO_administrators_0904d7a089e60584"
          },
          "sensitive_attributes": []
        }
      ]
    },
    {
      "mode": "managed",
      "type": "aws_iam_role_policy_attachment",
      "name": "AWSReservedSSO_developers_0847e649a00cc5e7_policy_PowerUserAccess",
      "provider": "provider[\"registry.terraform.io/hashicorp/aws\"]",
      "instances": [
        {
          "schema_version": 0,
          "attributes": {
            "id": "AWSReservedSSO_developers_0847e649a00cc5e7/arn:aws:iam::aws:policy/PowerUserAccess",
            "policy_arn": "arn:aws:iam::aws:policy/PowerUserAccess",
            "role": "AWSReservedSSO_developers_0847e649a00cc5e7"
          },
          "sensitive_attributes": []
        }
      ]
    },
    {
      "mode": "managed",
      "type": "aws_iam_role_policy_attachment",
      "name": "AWSServiceRoleForAmazonEKSForFargate_policy_aws_service_role_AmazonEKSForFargateServiceRolePolicy",
      "provider": "provider[\"registry.terraform.io/hashicorp/aws\"]",
      "instances": [
        {
          "schema_version": 0,
          "attributes": {
            "id": "AWSServiceRoleForAmazonEKSForFargate/arn:aws:iam::aws:policy/aws-service-role/AmazonEKSForFargateServiceRolePolicy",
            "policy_arn": "arn:aws:iam::aws:policy/aws-service-role/AmazonEKSForFargateServiceRolePolicy",
            "role": "AWSServiceRoleForAmazonEKSForFargate"
          },
          "sensitive_attributes": []
        }
      ]
    },
    {
      "mode": "managed",
      "type": "aws_iam_role_policy_attachment",
      "name": "AWSServiceRoleForAmazonEKSNodegroup_policy_aws_service_role_AWSServiceRoleForAmazonEKSNodegroup",
      "provider": "provider[\"registry.terraform.io/hashicorp/aws\"]",
      "instances": [
        {
          "schema_version": 0,
          "attributes": {
            "id": "AWSServiceRoleForAmazonEKSNodegroup/arn:aws:iam::aws:policy/aws-service-role/AWSServiceRoleForAmazonEKSNodegroup",
            "policy_arn": "arn:aws:iam::aws:policy/aws-service-role/AWSServiceRoleForAmazonEKSNodegroup",
            "role": "AWSServiceRoleForAmazonEKSNodegroup"
          },
          "sensitive_attributes": []
        }
      ]
    },
    {
      "mode": "managed",
      "type": "aws_iam_role_policy_attachment",
      "name": "AWSServiceRoleForAmazonEKS_policy_aws_service_role_AmazonEKSServiceRolePolicy",
      "provider": "provider[\"registry.terraform.io/hashicorp/aws\"]",
      "instances": [
        {
          "schema_version": 0,
          "attributes": {
            "id": "AWSServiceRoleForAmazonEKS/arn:aws:iam::aws:policy/aws-service-role/AmazonEKSServiceRolePolicy",
            "policy_arn": "arn:aws:iam::aws:policy/aws-service-role/AmazonEKSServiceRolePolicy",
            "role": "AWSServiceRoleForAmazonEKS"
          },
          "sensitive_attributes": []
        }
      ]
    },
    {
      "mode": "managed",
      "type": "aws_iam_role_policy_attachment",
      "name": "AWSServiceRoleForAmazonGuardDuty_policy_aws_service_role_AmazonGuardDutyServiceRolePolicy",
      "provider": "provider[\"registry.terraform.io/hashicorp/aws\"]",
      "instances": [
        {
          "schema_version": 0,
          "attributes": {
            "id": "AWSServiceRoleForAmazonGuardDuty/arn:aws:iam::aws:policy/aws-service-role/AmazonGuardDutyServiceRolePolicy",
            "policy_arn": "arn:aws:iam::aws:policy/aws-service-role/AmazonGuardDutyServiceRolePolicy",
            "role": "AWSServiceRoleForAmazonGuardDuty"
          },
          "sensitive_attributes": []
        }
      ]
    },
    {
      "mode": "managed",
      "type": "aws_iam_role_policy_attachment",
      "name": "AWSServiceRoleForAmazonSSM_policy_aws_service_role_AmazonSSMServiceRolePolicy",
      "provider": "provider[\"registry.terraform.io/hashicorp/aws\"]",
      "instances": [
        {
          "schema_version": 0,
          "attributes": {
            "id": "AWSServiceRoleForAmazonSSM/arn:aws:iam::aws:policy/aws-service-role/AmazonSSMServiceRolePolicy",
            "policy_arn": "arn:aws:iam::aws:policy/aws-service-role/AmazonSSMServiceRolePolicy",
            "role": "AWSServiceRoleForAmazonSSM"
          },
          "sensitive_attributes": []
        }
      ]
    },
    {
      "mode": "managed",
      "type": "aws_iam_role_policy_attachment",
      "name": "AWSServiceRoleForAutoScaling_policy_aws_service_role_AutoScalingServiceRolePolicy",
      "provider": "provider[\"registry.terraform.io/hashicorp/aws\"]",
      "instances": [
        {
          "schema_version": 0,
          "attributes": {
            "id": "AWSServiceRoleForAutoScaling/arn:aws:iam::aws:policy/aws-service-role/AutoScalingServiceRolePolicy",
            "policy_arn": "arn:aws:iam::aws:policy/aws-service-role/AutoScalingServiceRolePolicy",
            "role": "AWSServiceRoleForAutoScaling"
          },
          "sensitive_attributes": []
        }
      ]
    },
    {
      "mode": "managed",
      "type": "aws_iam_role_policy_attachment",
      "name": "AWSServiceRoleForBackup_policy_aws_service_role_AWSBackupServiceLinkedRolePolicyForBackup",
      "provider": "provider[\"registry.terraform.io/hashicorp/aws\"]",
      "instances": [
        {
          "schema_version": 0,
          "attributes": {
            "id": "AWSServiceRoleForBackup/arn:aws:iam::aws:policy/aws-service-role/AWSBackupServiceLinkedRolePolicyForBackup",
            "policy_arn": "arn:aws:iam::aws:policy/aws-service-role/AWSBackupServiceLinkedRolePolicyForBackup",
            "role": "AWSServiceRoleForBackup"
          },
          "sensitive_attributes": []
        }
      ]
    },
    {
      "mode": "managed",
      "type": "aws_iam_role_policy_attachment",
      "name": "AWSServiceRoleForClientVPNConnections_policy_aws_service_role_ClientVPNServiceConnectionsRolePolicy",
      "provider": "provider[\"registry.terraform.io/hashicorp/aws\"]",
      "instances": [
        {
          "schema_version": 0,
          "attributes": {
            "id": "AWSServiceRoleForClientVPNConnections/arn:aws:iam::aws:policy/aws-service-role/ClientVPNServiceConnectionsRolePolicy",
            "policy_arn": "arn:aws:iam::aws:policy/aws-service-role/ClientVPNServiceConnectionsRolePolicy",
            "role": "AWSServiceRoleForClientVPNConnections"
          },
          "sensitive_attributes": []
        }
      ]
    },
    {
      "mode": "managed",
      "type": "aws_iam_role_policy_attachment",
      "name": "AWSServiceRoleForClientVPN_policy_aws_service_role_ClientVPNServiceRolePolicy",
      "provider": "provider[\"registry.terraform.io/hashicorp/aws\"]",
      "instances": [
        {
          "schema_version": 0,
          "attributes": {
            "id": "AWSServiceRoleForClientVPN/arn:aws:iam::aws:policy/aws-service-role/ClientVPNServiceRolePolicy",
            "policy_arn": "arn:aws:iam::aws:policy/aws-service-role/ClientVPNServiceRolePolicy",
            "role": "AWSServiceRoleForClientVPN"
          },
          "sensitive_attributes": []
        }
      ]
    },
    {
      "mode": "managed",
      "type": "aws_iam_role_policy_attachment",
      "name": "AWSServiceRoleForCloudFormationStackSetsOrgMember_policy_aws_service_role_CloudFormationStackSetsOrgMemberServiceRolePolicy",
      "provider": "provider[\"registry.terraform.io/hashicorp/aws\"]",
      "instances": [
        {
          "schema_version": 0,
          "attributes": {
            "id": "AWSServiceRoleForCloudFormationStackSetsOrgMember/arn:aws:iam::aws:policy/aws-service-role/CloudFormationStackSetsOrgMemberServiceRolePolicy",
            "policy_arn": "arn:aws:iam::aws:policy/aws-service-role/CloudFormationStackSetsOrgMemberServiceRolePolicy",
            "role": "AWSServiceRoleForCloudFormationStackSetsOrgMember"
          },
          "sensitive_attributes": []
        }
      ]
    },
    {
      "mode": "managed",
      "type": "aws_iam_role_policy_attachment",
      "name": "AWSServiceRoleForCloudFrontLogger_policy_aws_service_role_AWSCloudFrontLogger",
      "provider": "provider[\"registry.terraform.io/hashicorp/aws\"]",
      "instances": [
        {
          "schema_version": 0,
          "attributes": {
            "id": "AWSServiceRoleForCloudFrontLogger/arn:aws:iam::aws:policy/aws-service-role/AWSCloudFrontLogger",
            "policy_arn": "arn:aws:iam::aws:policy/aws-service-role/AWSCloudFrontLogger",
            "role": "AWSServiceRoleForCloudFrontLogger"
          },
          "sensitive_attributes": []
        }
      ]
    },
    {
      "mode": "managed",
      "type": "aws_iam_role_policy_attachment",
      "name": "AWSServiceRoleForCloudTrail_policy_aws_service_role_CloudTrailServiceRolePolicy",
      "provider": "provider[\"registry.terraform.io/hashicorp/aws\"]",
      "instances": [
        {
          "schema_version": 0,
          "attributes": {
            "id": "AWSServiceRoleForCloudTrail/arn:aws:iam::aws:policy/aws-service-role/CloudTrailServiceRolePolicy",
            "policy_arn": "arn:aws:iam::aws:policy/aws-service-role/CloudTrailServiceRolePolicy",
            "role": "AWSServiceRoleForCloudTrail"
          },
          "sensitive_attributes": []
        }
      ]
    },
    {
      "mode": "managed",
      "type": "aws_iam_role_policy_attachment",
      "name": "AWSServiceRoleForConfig_policy_aws_service_role_AWSConfigServiceRolePolicy",
      "provider": "provider[\"registry.terraform.io/hashicorp/aws\"]",
      "instances": [
        {
          "schema_version": 0,
          "attributes": {
            "id": "AWSServiceRoleForConfig/arn:aws:iam::aws:policy/aws-service-role/AWSConfigServiceRolePolicy",
            "policy_arn": "arn:aws:iam::aws:policy/aws-service-role/AWSConfigServiceRolePolicy",
            "role": "AWSServiceRoleForConfig"
          },
          "sensitive_attributes": []
        }
      ]
    },
    {
      "mode": "managed",
      "type": "aws_iam_role_policy_attachment",
      "name": "AWSServiceRoleForElastiCache_policy_aws_service_role_ElastiCacheServiceRolePolicy",
      "provider": "provider[\"registry.terraform.io/hashicorp/aws\"]",
      "instances": [
        {
          "schema_version": 0,
          "attributes": {
            "id": "AWSServiceRoleForElastiCache/arn:aws:iam::aws:policy/aws-service-role/ElastiCacheServiceRolePolicy",
            "policy_arn": "arn:aws:iam::aws:policy/aws-service-role/ElastiCacheServiceRolePolicy",
            "role": "AWSServiceRoleForElastiCache"
          },
          "sensitive_attributes": []
        }
      ]
    },
    {
      "mode": "managed",
      "type": "aws_iam_role_policy_attachment",
      "name": "AWSServiceRoleForElasticLoadBalancing_policy_aws_service_role_AWSElasticLoadBalancingServiceRolePolicy",
      "provider": "provider[\"registry.terraform.io/hashicorp/aws\"]",
      "instances": [
        {
          "schema_version": 0,
          "attributes": {
            "id": "AWSServiceRoleForElasticLoadBalancing/arn:aws:iam::aws:policy/aws-service-role/AWSElasticLoadBalancingServiceRolePolicy",
            "policy_arn": "arn:aws:iam::aws:policy/aws-service-role/AWSElasticLoadBalancingServiceRolePolicy",
            "role": "AWSServiceRoleForElasticLoadBalancing"
          },
          "sensitive_attributes": []
        }
      ]
    },
    {
      "mode": "managed",
      "type": "aws_iam_role_policy_attachment",
      "name": "AWSServiceRoleForGlobalAccelerator_policy_aws_service_role_AWSGlobalAcceleratorSLRPolicy",
      "provider": "provider[\"registry.terraform.io/hashicorp/aws\"]",
      "instances": [
        {
          "schema_version": 0,
          "attributes": {
            "id": "AWSServiceRoleForGlobalAccelerator/arn:aws:iam::aws:policy/aws-service-role/AWSGlobalAcceleratorSLRPolicy",
            "policy_arn": "arn:aws:iam::aws:policy/aws-service-role/AWSGlobalAcceleratorSLRPolicy",
            "role": "AWSServiceRoleForGlobalAccelerator"
          },
          "sensitive_attributes": []
        }
      ]
    },
    {
      "mode": "managed",
      "type": "aws_iam_role_policy_attachment",
      "name": "AWSServiceRoleForKafkaConnect_policy_aws_service_role_KafkaConnectServiceRolePolicy",
      "provider": "provider[\"registry.terraform.io/hashicorp/aws\"]",
      "instances": [
        {
          "schema_version": 0,
          "attributes": {
            "id": "AWSServiceRoleForKafkaConnect/arn:aws:iam::aws:policy/aws-service-role/KafkaConnectServiceRolePolicy",
            "policy_arn": "arn:aws:iam::aws:policy/aws-service-role/KafkaConnectServiceRolePolicy",
            "role": "AWSServiceRoleForKafkaConnect"
          },
          "sensitive_attributes": []
        }
      ]
    },
    {
      "mode": "managed",
      "type": "aws_iam_role_policy_attachment",
      "name": "AWSServiceRoleForKafka_policy_aws_service_role_KafkaServiceRolePolicy",
      "provider": "provider[\"registry.terraform.io/hashicorp/aws\"]",
      "instances": [
        {
          "schema_version": 0,
          "attributes": {
            "id": "AWSServiceRoleForKafka/arn:aws:iam::aws:policy/aws-service-role/KafkaServiceRolePolicy",
            "policy_arn": "arn:aws:iam::aws:policy/aws-service-role/KafkaServiceRolePolicy",
            "role": "AWSServiceRoleForKafka"
          },
          "sensitive_attributes": []
        }
      ]
    },
    {
      "mode": "managed",
      "type": "aws_iam_role_policy_attachment",
      "name": "AWSServiceRoleForLambdaReplicator_policy_aws_service_role_AWSLambdaReplicator",
      "provider": "provider[\"registry.terraform.io/hashicorp/aws\"]",
      "instances": [
        {
          "schema_version": 0,
          "attributes": {
            "id": "AWSServiceRoleForLambdaReplicator/arn:aws:iam::aws:policy/aws-service-role/AWSLambdaReplicator",
            "policy_arn": "arn:aws:iam::aws:policy/aws-service-role/AWSLambdaReplicator",
            "role": "AWSServiceRoleForLambdaReplicator"
          },
          "sensitive_attributes": []
        }
      ]
    },
    {
      "mode": "managed",
      "type": "aws_iam_role_policy_attachment",
      "name": "AWSServiceRoleForOrganizations_policy_aws_service_role_AWSOrganizationsServiceTrustPolicy",
      "provider": "provider[\"registry.terraform.io/hashicorp/aws\"]",
      "instances": [
        {
          "schema_version": 0,
          "attributes": {
            "id": "AWSServiceRoleForOrganizations/arn:aws:iam::aws:policy/aws-service-role/AWSOrganizationsServiceTrustPolicy",
            "policy_arn": "arn:aws:iam::aws:policy/aws-service-role/AWSOrganizationsServiceTrustPolicy",
            "role": "AWSServiceRoleForOrganizations"
          },
          "sensitive_attributes": []
        }
      ]
    },
    {
      "mode": "managed",
      "type": "aws_iam_role_policy_attachment",
      "name": "AWSServiceRoleForRDS_policy_aws_service_role_AmazonRDSServiceRolePolicy",
      "provider": "provider[\"registry.terraform.io/hashicorp/aws\"]",
      "instances": [
        {
          "schema_version": 0,
          "attributes": {
            "id": "AWSServiceRoleForRDS/arn:aws:iam::aws:policy/aws-service-role/AmazonRDSServiceRolePolicy",
            "policy_arn": "arn:aws:iam::aws:policy/aws-service-role/AmazonRDSServiceRolePolicy",
            "role": "AWSServiceRoleForRDS"
          },
          "sensitive_attributes": []
        }
      ]
    },
    {
      "mode": "managed",
      "type": "aws_iam_role_policy_attachment",
      "name": "AWSServiceRoleForSSO_policy_aws_service_role_AWSSSOServiceRolePolicy",
      "provider": "provider[\"registry.terraform.io/hashicorp/aws\"]",
      "instances": [
        {
          "schema_version": 0,
          "attributes": {
            "id": "AWSServiceRoleForSSO/arn:aws:iam::aws:policy/aws-service-role/AWSSSOServiceRolePolicy",
            "policy_arn": "arn:aws:iam::aws:policy/aws-service-role/AWSSSOServiceRolePolicy",
            "role": "AWSServiceRoleForSSO"
          },
          "sensitive_attributes": []
        }
      ]
    },
    {
      "mode": "managed",
      "type": "aws_iam_role_policy_attachment",
      "name": "AWSServiceRoleForSecurityHub_policy_aws_service_role_AWSSecurityHubServiceRolePolicy",
      "provider": "provider[\"registry.terraform.io/hashicorp/aws\"]",
      "instances": [
        {
          "schema_version": 0,
          "attributes": {
            "id": "AWSServiceRoleForSecurityHub/arn:aws:iam::aws:policy/aws-service-role/AWSSecurityHubServiceRolePolicy",
            "policy_arn": "arn:aws:iam::aws:policy/aws-service-role/AWSSecurityHubServiceRolePolicy",
            "role": "AWSServiceRoleForSecurityHub"
          },
          "sensitive_attributes": []
        }
      ]
    },
    {
      "mode": "managed",
      "type": "aws_iam_role_policy_attachment",
      "name": "AWSServiceRoleForServiceQuotas_policy_aws_service_role_ServiceQuotasServiceRolePolicy",
      "provider": "provider[\"registry.terraform.io/hashicorp/aws\"]",
      "instances": [
        {
          "schema_version": 0,
          "attributes": {
            "id": "AWSServiceRoleForServiceQuotas/arn:aws:iam::aws:policy/aws-service-role/ServiceQuotasServiceRolePolicy",
            "policy_arn": "arn:aws:iam::aws:policy/aws-service-role/ServiceQuotasServiceRolePolicy",
            "role": "AWSServiceRoleForServiceQuotas"
          },
          "sensitive_attributes": []
        }
      ]
    },
    {
      "mode": "managed",
      "type": "aws_iam_role_policy_attachment",
      "name": "AWSServiceRoleForSupport_policy_aws_service_role_AWSSupportServiceRolePolicy",
      "provider": "provider[\"registry.terraform.io/hashicorp/aws\"]",
      "instances": [
        {
          "schema_version": 0,
          "attributes": {
            "id": "AWSServiceRoleForSupport/arn:aws:iam::aws:policy/aws-service-role/AWSSupportServiceRolePolicy",
            "policy_arn": "arn:aws:iam::aws:policy/aws-service-role/AWSSupportServiceRolePolicy",
            "role": "AWSServiceRoleForSupport"
          },
          "sensitive_attributes": []
        }
      ]
    },
    {
      "mode": "managed",
      "type": "aws_iam_role_policy_attachment",
      "name": "AWSServiceRoleForTrustedAdvisor_policy_aws_service_role_AWSTrustedAdvisorServiceRolePolicy",
      "provider": "provider[\"registry.terraform.io/hashicorp/aws\"]",
      "instances": [
        {
          "schema_version": 0,
          "attributes": {
            "id": "AWSServiceRoleForTrustedAdvisor/arn:aws:iam::aws:policy/aws-service-role/AWSTrustedAdvisorServiceRolePolicy",
            "policy_arn": "arn:aws:iam::aws:policy/aws-service-role/AWSTrustedAdvisorServiceRolePolicy",
            "role": "AWSServiceRoleForTrustedAdvisor"
          },
          "sensitive_attributes": []
        }
      ]
    },
    {
      "mode": "managed",
      "type": "aws_iam_role_policy_attachment",
      "name": "AmazonEKS_EBS_CSI_DriverRole_policy_KMS_Key_For_Encryption_On_EBS_Policy",
      "provider": "provider[\"registry.terraform.io/hashicorp/aws\"]",
      "instances": [
        {
          "schema_version": 0,
          "attributes": {
            "id": "AmazonEKS_EBS_CSI_DriverRole/arn:aws:iam::169684386827:policy/KMS_Key_For_Encryption_On_EBS_Policy",
            "policy_arn": "arn:aws:iam::169684386827:policy/KMS_Key_For_Encryption_On_EBS_Policy",
            "role": "AmazonEKS_EBS_CSI_DriverRole"
          },
          "sensitive_attributes": []
        }
      ]
    },
    {
      "mode": "managed",
      "type": "aws_iam_role_policy_attachment",
      "name": "AmazonEKS_EBS_CSI_DriverRole_policy_service_role_AmazonEBSCSIDriverPolicy",
      "provider": "provider[\"registry.terraform.io/hashicorp/aws\"]",
      "instances": [
        {
          "schema_version": 0,
          "attributes": {
            "id": "AmazonEKS_EBS_CSI_DriverRole/arn:aws:iam::aws:policy/service-role/AmazonEBSCSIDriverPolicy",
            "policy_arn": "arn:aws:iam::aws:policy/service-role/AmazonEBSCSIDriverPolicy",
            "role": "AmazonEKS_EBS_CSI_DriverRole"
          },
          "sensitive_attributes": []
        }
      ]
    },
    {
      "mode": "managed",
      "type": "aws_iam_role_policy_attachment",
      "name": "DrataAutopilotRole_policy_SecurityAudit",
      "provider": "provider[\"registry.terraform.io/hashicorp/aws\"]",
      "instances": [
        {
          "schema_version": 0,
          "attributes": {
            "id": "DrataAutopilotRole/arn:aws:iam::aws:policy/SecurityAudit",
            "policy_arn": "arn:aws:iam::aws:policy/SecurityAudit",
            "role": "DrataAutopilotRole"
          },
          "sensitive_attributes": []
        }
      ]
    },
    {
      "mode": "managed",
      "type": "aws_iam_role_policy_attachment",
      "name": "OrganizationAccountAccessRole_policy_AdministratorAccess",
      "provider": "provider[\"registry.terraform.io/hashicorp/aws\"]",
      "instances": [
        {
          "schema_version": 0,
          "attributes": {
            "id": "OrganizationAccountAccessRole/arn:aws:iam::aws:policy/AdministratorAccess",
            "policy_arn": "arn:aws:iam::aws:policy/AdministratorAccess",
            "role": "OrganizationAccountAccessRole"
          },
          "sensitive_attributes": []
        }
      ]
    },
    {
      "mode": "managed",
      "type": "aws_iam_role_policy_attachment",
      "name": "az1_4xlarge_eks_node_group_20220818161915282900000006_policy_AmazonEC2ContainerRegistryReadOnly",
      "provider": "provider[\"registry.terraform.io/hashicorp/aws\"]",
      "instances": [
        {
          "schema_version": 0,
          "attributes": {
            "id": "az1-4xlarge-eks-node-group-20220818161915282900000006/arn:aws:iam::aws:policy/AmazonEC2ContainerRegistryReadOnly",
            "policy_arn": "arn:aws:iam::aws:policy/AmazonEC2ContainerRegistryReadOnly",
            "role": "az1-4xlarge-eks-node-group-20220818161915282900000006"
          },
          "sensitive_attributes": []
        }
      ]
    },
    {
      "mode": "managed",
      "type": "aws_iam_role_policy_attachment",
      "name": "az1_4xlarge_eks_node_group_20220818161915282900000006_policy_AmazonEKSWorkerNodePolicy",
      "provider": "provider[\"registry.terraform.io/hashicorp/aws\"]",
      "instances": [
        {
          "schema_version": 0,
          "attributes": {
            "id": "az1-4xlarge-eks-node-group-20220818161915282900000006/arn:aws:iam::aws:policy/AmazonEKSWorkerNodePolicy",
            "policy_arn": "arn:aws:iam::aws:policy/AmazonEKSWorkerNodePolicy",
            "role": "az1-4xlarge-eks-node-group-20220818161915282900000006"
          },
          "sensitive_attributes": []
        }
      ]
    },
    {
      "mode": "managed",
      "type": "aws_iam_role_policy_attachment",
      "name": "az1_4xlarge_eks_node_group_20220818161915282900000006_policy_AmazonEKS_CNI_Policy",
      "provider": "provider[\"registry.terraform.io/hashicorp/aws\"]",
      "instances": [
        {
          "schema_version": 0,
          "attributes": {
            "id": "az1-4xlarge-eks-node-group-20220818161915282900000006/arn:aws:iam::aws:policy/AmazonEKS_CNI_Policy",
            "policy_arn": "arn:aws:iam::aws:policy/AmazonEKS_CNI_Policy",
            "role": "az1-4xlarge-eks-node-group-20220818161915282900000006"
          },
          "sensitive_attributes": []
        }
      ]
    },
    {
      "mode": "managed",
      "type": "aws_iam_role_policy_attachment",
      "name": "az1_4xlarge_eks_node_group_20220823125548116500000007_policy_AmazonEC2ContainerRegistryReadOnly",
      "provider": "provider[\"registry.terraform.io/hashicorp/aws\"]",
      "instances": [
        {
          "schema_version": 0,
          "attributes": {
            "id": "az1-4xlarge-eks-node-group-20220823125548116500000007/arn:aws:iam::aws:policy/AmazonEC2ContainerRegistryReadOnly",
            "policy_arn": "arn:aws:iam::aws:policy/AmazonEC2ContainerRegistryReadOnly",
            "role": "az1-4xlarge-eks-node-group-20220823125548116500000007"
          },
          "sensitive_attributes": []
        }
      ]
    },
    {
      "mode": "managed",
      "type": "aws_iam_role_policy_attachment",
      "name": "az1_4xlarge_eks_node_group_20220823125548116500000007_policy_AmazonEKSWorkerNodePolicy",
      "provider": "provider[\"registry.terraform.io/hashicorp/aws\"]",
      "instances": [
        {
          "schema_version": 0,
          "attributes": {
            "id": "az1-4xlarge-eks-node-group-20220823125548116500000007/arn:aws:iam::aws:policy/AmazonEKSWorkerNodePolicy",
            "policy_arn": "arn:aws:iam::aws:policy/AmazonEKSWorkerNodePolicy",
            "role": "az1-4xlarge-eks-node-group-20220823125548116500000007"
          },
          "sensitive_attributes": []
        }
      ]
    },
    {
      "mode": "managed",
      "type": "aws_iam_role_policy_attachment",
      "name": "az1_4xlarge_eks_node_group_20220823125548116500000007_policy_AmazonEKS_CNI_Policy",
      "provider": "provider[\"registry.terraform.io/hashicorp/aws\"]",
      "instances": [
        {
          "schema_version": 0,
          "attributes": {
            "id": "az1-4xlarge-eks-node-group-20220823125548116500000007/arn:aws:iam::aws:policy/AmazonEKS_CNI_Policy",
            "policy_arn": "arn:aws:iam::aws:policy/AmazonEKS_CNI_Policy",
            "role": "az1-4xlarge-eks-node-group-20220823125548116500000007"
          },
          "sensitive_attributes": []
        }
      ]
    },
    {
      "mode": "managed",
      "type": "aws_iam_role_policy_attachment",
      "name": "az1_4xlarge_eks_node_group_20220823125548116500000007_policy_AmazonSSMManagedInstanceCore",
      "provider": "provider[\"registry.terraform.io/hashicorp/aws\"]",
      "instances": [
        {
          "schema_version": 0,
          "attributes": {
            "id": "az1-4xlarge-eks-node-group-20220823125548116500000007/arn:aws:iam::aws:policy/AmazonSSMManagedInstanceCore",
            "policy_arn": "arn:aws:iam::aws:policy/AmazonSSMManagedInstanceCore",
            "role": "az1-4xlarge-eks-node-group-20220823125548116500000007"
          },
          "sensitive_attributes": []
        }
      ]
    },
    {
      "mode": "managed",
      "type": "aws_iam_role_policy_attachment",
      "name": "az1_4xlarge_eks_node_group_20220823125548116500000007_policy_AmazonSSMPatchAssociation",
      "provider": "provider[\"registry.terraform.io/hashicorp/aws\"]",
      "instances": [
        {
          "schema_version": 0,
          "attributes": {
            "id": "az1-4xlarge-eks-node-group-20220823125548116500000007/arn:aws:iam::aws:policy/AmazonSSMPatchAssociation",
            "policy_arn": "arn:aws:iam::aws:policy/AmazonSSMPatchAssociation",
            "role": "az1-4xlarge-eks-node-group-20220823125548116500000007"
          },
          "sensitive_attributes": []
        }
      ]
    },
    {
      "mode": "managed",
      "type": "aws_iam_role_policy_attachment",
      "name": "az1_4xlarge_eks_node_group_20221020153002485400000006_policy_AmazonEC2ContainerRegistryReadOnly",
      "provider": "provider[\"registry.terraform.io/hashicorp/aws\"]",
      "instances": [
        {
          "schema_version": 0,
          "attributes": {
            "id": "az1-4xlarge-eks-node-group-20221020153002485400000006/arn:aws:iam::aws:policy/AmazonEC2ContainerRegistryReadOnly",
            "policy_arn": "arn:aws:iam::aws:policy/AmazonEC2ContainerRegistryReadOnly",
            "role": "az1-4xlarge-eks-node-group-20221020153002485400000006"
          },
          "sensitive_attributes": []
        }
      ]
    },
    {
      "mode": "managed",
      "type": "aws_iam_role_policy_attachment",
      "name": "az1_4xlarge_eks_node_group_20221020153002485400000006_policy_AmazonEKSWorkerNodePolicy",
      "provider": "provider[\"registry.terraform.io/hashicorp/aws\"]",
      "instances": [
        {
          "schema_version": 0,
          "attributes": {
            "id": "az1-4xlarge-eks-node-group-20221020153002485400000006/arn:aws:iam::aws:policy/AmazonEKSWorkerNodePolicy",
            "policy_arn": "arn:aws:iam::aws:policy/AmazonEKSWorkerNodePolicy",
            "role": "az1-4xlarge-eks-node-group-20221020153002485400000006"
          },
          "sensitive_attributes": []
        }
      ]
    },
    {
      "mode": "managed",
      "type": "aws_iam_role_policy_attachment",
      "name": "az1_4xlarge_eks_node_group_20221020153002485400000006_policy_AmazonEKS_CNI_Policy",
      "provider": "provider[\"registry.terraform.io/hashicorp/aws\"]",
      "instances": [
        {
          "schema_version": 0,
          "attributes": {
            "id": "az1-4xlarge-eks-node-group-20221020153002485400000006/arn:aws:iam::aws:policy/AmazonEKS_CNI_Policy",
            "policy_arn": "arn:aws:iam::aws:policy/AmazonEKS_CNI_Policy",
            "role": "az1-4xlarge-eks-node-group-20221020153002485400000006"
          },
          "sensitive_attributes": []
        }
      ]
    },
    {
      "mode": "managed",
      "type": "aws_iam_role_policy_attachment",
      "name": "az1_4xlarge_eks_node_group_20221102203257004000000009_policy_AmazonEC2ContainerRegistryReadOnly",
      "provider": "provider[\"registry.terraform.io/hashicorp/aws\"]",
      "instances": [
        {
          "schema_version": 0,
          "attributes": {
            "id": "az1-4xlarge-eks-node-group-20221102203257004000000009/arn:aws:iam::aws:policy/AmazonEC2ContainerRegistryReadOnly",
            "policy_arn": "arn:aws:iam::aws:policy/AmazonEC2ContainerRegistryReadOnly",
            "role": "az1-4xlarge-eks-node-group-20221102203257004000000009"
          },
          "sensitive_attributes": []
        }
      ]
    },
    {
      "mode": "managed",
      "type": "aws_iam_role_policy_attachment",
      "name": "az1_4xlarge_eks_node_group_20221102203257004000000009_policy_AmazonEKSWorkerNodePolicy",
      "provider": "provider[\"registry.terraform.io/hashicorp/aws\"]",
      "instances": [
        {
          "schema_version": 0,
          "attributes": {
            "id": "az1-4xlarge-eks-node-group-20221102203257004000000009/arn:aws:iam::aws:policy/AmazonEKSWorkerNodePolicy",
            "policy_arn": "arn:aws:iam::aws:policy/AmazonEKSWorkerNodePolicy",
            "role": "az1-4xlarge-eks-node-group-20221102203257004000000009"
          },
          "sensitive_attributes": []
        }
      ]
    },
    {
      "mode": "managed",
      "type": "aws_iam_role_policy_attachment",
      "name": "az1_4xlarge_eks_node_group_20221102203257004000000009_policy_AmazonEKS_CNI_Policy",
      "provider": "provider[\"registry.terraform.io/hashicorp/aws\"]",
      "instances": [
        {
          "schema_version": 0,
          "attributes": {
            "id": "az1-4xlarge-eks-node-group-20221102203257004000000009/arn:aws:iam::aws:policy/AmazonEKS_CNI_Policy",
            "policy_arn": "arn:aws:iam::aws:policy/AmazonEKS_CNI_Policy",
            "role": "az1-4xlarge-eks-node-group-20221102203257004000000009"
          },
          "sensitive_attributes": []
        }
      ]
    },
    {
      "mode": "managed",
      "type": "aws_iam_role_policy_attachment",
      "name": "az1_4xlarge_eks_node_group_20221110172120390200000007_policy_AmazonEC2ContainerRegistryReadOnly",
      "provider": "provider[\"registry.terraform.io/hashicorp/aws\"]",
      "instances": [
        {
          "schema_version": 0,
          "attributes": {
            "id": "az1-4xlarge-eks-node-group-20221110172120390200000007/arn:aws:iam::aws:policy/AmazonEC2ContainerRegistryReadOnly",
            "policy_arn": "arn:aws:iam::aws:policy/AmazonEC2ContainerRegistryReadOnly",
            "role": "az1-4xlarge-eks-node-group-20221110172120390200000007"
          },
          "sensitive_attributes": []
        }
      ]
    },
    {
      "mode": "managed",
      "type": "aws_iam_role_policy_attachment",
      "name": "az1_4xlarge_eks_node_group_20221110172120390200000007_policy_AmazonEKSWorkerNodePolicy",
      "provider": "provider[\"registry.terraform.io/hashicorp/aws\"]",
      "instances": [
        {
          "schema_version": 0,
          "attributes": {
            "id": "az1-4xlarge-eks-node-group-20221110172120390200000007/arn:aws:iam::aws:policy/AmazonEKSWorkerNodePolicy",
            "policy_arn": "arn:aws:iam::aws:policy/AmazonEKSWorkerNodePolicy",
            "role": "az1-4xlarge-eks-node-group-20221110172120390200000007"
          },
          "sensitive_attributes": []
        }
      ]
    },
    {
      "mode": "managed",
      "type": "aws_iam_role_policy_attachment",
      "name": "az1_4xlarge_eks_node_group_20221110172120390200000007_policy_AmazonEKS_CNI_Policy",
      "provider": "provider[\"registry.terraform.io/hashicorp/aws\"]",
      "instances": [
        {
          "schema_version": 0,
          "attributes": {
            "id": "az1-4xlarge-eks-node-group-20221110172120390200000007/arn:aws:iam::aws:policy/AmazonEKS_CNI_Policy",
            "policy_arn": "arn:aws:iam::aws:policy/AmazonEKS_CNI_Policy",
            "role": "az1-4xlarge-eks-node-group-20221110172120390200000007"
          },
          "sensitive_attributes": []
        }
      ]
    },
    {
      "mode": "managed",
      "type": "aws_iam_role_policy_attachment",
      "name": "az1_4xlarge_eks_node_group_20230124155745065400000006_policy_AmazonEC2ContainerRegistryReadOnly",
      "provider": "provider[\"registry.terraform.io/hashicorp/aws\"]",
      "instances": [
        {
          "schema_version": 0,
          "attributes": {
            "id": "az1-4xlarge-eks-node-group-20230124155745065400000006/arn:aws:iam::aws:policy/AmazonEC2ContainerRegistryReadOnly",
            "policy_arn": "arn:aws:iam::aws:policy/AmazonEC2ContainerRegistryReadOnly",
            "role": "az1-4xlarge-eks-node-group-20230124155745065400000006"
          },
          "sensitive_attributes": []
        }
      ]
    },
    {
      "mode": "managed",
      "type": "aws_iam_role_policy_attachment",
      "name": "az1_4xlarge_eks_node_group_20230124155745065400000006_policy_AmazonEKSWorkerNodePolicy",
      "provider": "provider[\"registry.terraform.io/hashicorp/aws\"]",
      "instances": [
        {
          "schema_version": 0,
          "attributes": {
            "id": "az1-4xlarge-eks-node-group-20230124155745065400000006/arn:aws:iam::aws:policy/AmazonEKSWorkerNodePolicy",
            "policy_arn": "arn:aws:iam::aws:policy/AmazonEKSWorkerNodePolicy",
            "role": "az1-4xlarge-eks-node-group-20230124155745065400000006"
          },
          "sensitive_attributes": []
        }
      ]
    },
    {
      "mode": "managed",
      "type": "aws_iam_role_policy_attachment",
      "name": "az1_4xlarge_eks_node_group_20230124155745065400000006_policy_AmazonEKS_CNI_Policy",
      "provider": "provider[\"registry.terraform.io/hashicorp/aws\"]",
      "instances": [
        {
          "schema_version": 0,
          "attributes": {
            "id": "az1-4xlarge-eks-node-group-20230124155745065400000006/arn:aws:iam::aws:policy/AmazonEKS_CNI_Policy",
            "policy_arn": "arn:aws:iam::aws:policy/AmazonEKS_CNI_Policy",
            "role": "az1-4xlarge-eks-node-group-20230124155745065400000006"
          },
          "sensitive_attributes": []
        }
      ]
    },
    {
      "mode": "managed",
      "type": "aws_iam_role_policy_attachment",
      "name": "az1_4xlarge_eks_node_group_2023031716524215360000000b_policy_AmazonEC2ContainerRegistryReadOnly",
      "provider": "provider[\"registry.terraform.io/hashicorp/aws\"]",
      "instances": [
        {
          "schema_version": 0,
          "attributes": {
            "id": "az1-4xlarge-eks-node-group-2023031716524215360000000b/arn:aws:iam::aws:policy/AmazonEC2ContainerRegistryReadOnly",
            "policy_arn": "arn:aws:iam::aws:policy/AmazonEC2ContainerRegistryReadOnly",
            "role": "az1-4xlarge-eks-node-group-2023031716524215360000000b"
          },
          "sensitive_attributes": []
        }
      ]
    },
    {
      "mode": "managed",
      "type": "aws_iam_role_policy_attachment",
      "name": "az1_4xlarge_eks_node_group_2023031716524215360000000b_policy_AmazonEKSWorkerNodePolicy",
      "provider": "provider[\"registry.terraform.io/hashicorp/aws\"]",
      "instances": [
        {
          "schema_version": 0,
          "attributes": {
            "id": "az1-4xlarge-eks-node-group-2023031716524215360000000b/arn:aws:iam::aws:policy/AmazonEKSWorkerNodePolicy",
            "policy_arn": "arn:aws:iam::aws:policy/AmazonEKSWorkerNodePolicy",
            "role": "az1-4xlarge-eks-node-group-2023031716524215360000000b"
          },
          "sensitive_attributes": []
        }
      ]
    },
    {
      "mode": "managed",
      "type": "aws_iam_role_policy_attachment",
      "name": "az1_4xlarge_eks_node_group_2023031716524215360000000b_policy_AmazonEKS_CNI_Policy",
      "provider": "provider[\"registry.terraform.io/hashicorp/aws\"]",
      "instances": [
        {
          "schema_version": 0,
          "attributes": {
            "id": "az1-4xlarge-eks-node-group-2023031716524215360000000b/arn:aws:iam::aws:policy/AmazonEKS_CNI_Policy",
            "policy_arn": "arn:aws:iam::aws:policy/AmazonEKS_CNI_Policy",
            "role": "az1-4xlarge-eks-node-group-2023031716524215360000000b"
          },
          "sensitive_attributes": []
        }
      ]
    },
    {
      "mode": "managed",
      "type": "aws_iam_role_policy_attachment",
      "name": "az1_4xlarge_eks_node_group_20230324104144291700000006_policy_AmazonEC2ContainerRegistryReadOnly",
      "provider": "provider[\"registry.terraform.io/hashicorp/aws\"]",
      "instances": [
        {
          "schema_version": 0,
          "attributes": {
            "id": "az1-4xlarge-eks-node-group-20230324104144291700000006/arn:aws:iam::aws:policy/AmazonEC2ContainerRegistryReadOnly",
            "policy_arn": "arn:aws:iam::aws:policy/AmazonEC2ContainerRegistryReadOnly",
            "role": "az1-4xlarge-eks-node-group-20230324104144291700000006"
          },
          "sensitive_attributes": []
        }
      ]
    },
    {
      "mode": "managed",
      "type": "aws_iam_role_policy_attachment",
      "name": "az1_4xlarge_eks_node_group_20230324104144291700000006_policy_AmazonEKSWorkerNodePolicy",
      "provider": "provider[\"registry.terraform.io/hashicorp/aws\"]",
      "instances": [
        {
          "schema_version": 0,
          "attributes": {
            "id": "az1-4xlarge-eks-node-group-20230324104144291700000006/arn:aws:iam::aws:policy/AmazonEKSWorkerNodePolicy",
            "policy_arn": "arn:aws:iam::aws:policy/AmazonEKSWorkerNodePolicy",
            "role": "az1-4xlarge-eks-node-group-20230324104144291700000006"
          },
          "sensitive_attributes": []
        }
      ]
    },
    {
      "mode": "managed",
      "type": "aws_iam_role_policy_attachment",
      "name": "az1_4xlarge_eks_node_group_20230324104144291700000006_policy_AmazonEKS_CNI_Policy",
      "provider": "provider[\"registry.terraform.io/hashicorp/aws\"]",
      "instances": [
        {
          "schema_version": 0,
          "attributes": {
            "id": "az1-4xlarge-eks-node-group-20230324104144291700000006/arn:aws:iam::aws:policy/AmazonEKS_CNI_Policy",
            "policy_arn": "arn:aws:iam::aws:policy/AmazonEKS_CNI_Policy",
            "role": "az1-4xlarge-eks-node-group-20230324104144291700000006"
          },
          "sensitive_attributes": []
        }
      ]
    },
    {
      "mode": "managed",
      "type": "aws_iam_role_policy_attachment",
      "name": "az1_4xlarge_eks_node_group_2023032411460326330000000e_policy_AmazonEC2ContainerRegistryReadOnly",
      "provider": "provider[\"registry.terraform.io/hashicorp/aws\"]",
      "instances": [
        {
          "schema_version": 0,
          "attributes": {
            "id": "az1-4xlarge-eks-node-group-2023032411460326330000000e/arn:aws:iam::aws:policy/AmazonEC2ContainerRegistryReadOnly",
            "policy_arn": "arn:aws:iam::aws:policy/AmazonEC2ContainerRegistryReadOnly",
            "role": "az1-4xlarge-eks-node-group-2023032411460326330000000e"
          },
          "sensitive_attributes": []
        }
      ]
    },
    {
      "mode": "managed",
      "type": "aws_iam_role_policy_attachment",
      "name": "az1_4xlarge_eks_node_group_2023032411460326330000000e_policy_AmazonEKSWorkerNodePolicy",
      "provider": "provider[\"registry.terraform.io/hashicorp/aws\"]",
      "instances": [
        {
          "schema_version": 0,
          "attributes": {
            "id": "az1-4xlarge-eks-node-group-2023032411460326330000000e/arn:aws:iam::aws:policy/AmazonEKSWorkerNodePolicy",
            "policy_arn": "arn:aws:iam::aws:policy/AmazonEKSWorkerNodePolicy",
            "role": "az1-4xlarge-eks-node-group-2023032411460326330000000e"
          },
          "sensitive_attributes": []
        }
      ]
    },
    {
      "mode": "managed",
      "type": "aws_iam_role_policy_attachment",
      "name": "az1_4xlarge_eks_node_group_2023032411460326330000000e_policy_AmazonEKS_CNI_Policy",
      "provider": "provider[\"registry.terraform.io/hashicorp/aws\"]",
      "instances": [
        {
          "schema_version": 0,
          "attributes": {
            "id": "az1-4xlarge-eks-node-group-2023032411460326330000000e/arn:aws:iam::aws:policy/AmazonEKS_CNI_Policy",
            "policy_arn": "arn:aws:iam::aws:policy/AmazonEKS_CNI_Policy",
            "role": "az1-4xlarge-eks-node-group-2023032411460326330000000e"
          },
          "sensitive_attributes": []
        }
      ]
    },
    {
      "mode": "managed",
      "type": "aws_iam_role_policy_attachment",
      "name": "az1_4xlarge_eks_node_group_2023032411460326330000000e_policy_AmazonSSMManagedInstanceCore",
      "provider": "provider[\"registry.terraform.io/hashicorp/aws\"]",
      "instances": [
        {
          "schema_version": 0,
          "attributes": {
            "id": "az1-4xlarge-eks-node-group-2023032411460326330000000e/arn:aws:iam::aws:policy/AmazonSSMManagedInstanceCore",
            "policy_arn": "arn:aws:iam::aws:policy/AmazonSSMManagedInstanceCore",
            "role": "az1-4xlarge-eks-node-group-2023032411460326330000000e"
          },
          "sensitive_attributes": []
        }
      ]
    },
    {
      "mode": "managed",
      "type": "aws_iam_role_policy_attachment",
      "name": "az1_4xlarge_eks_node_group_2023032411460326330000000e_policy_AmazonSSMPatchAssociation",
      "provider": "provider[\"registry.terraform.io/hashicorp/aws\"]",
      "instances": [
        {
          "schema_version": 0,
          "attributes": {
            "id": "az1-4xlarge-eks-node-group-2023032411460326330000000e/arn:aws:iam::aws:policy/AmazonSSMPatchAssociation",
            "policy_arn": "arn:aws:iam::aws:policy/AmazonSSMPatchAssociation",
            "role": "az1-4xlarge-eks-node-group-2023032411460326330000000e"
          },
          "sensitive_attributes": []
        }
      ]
    },
    {
      "mode": "managed",
      "type": "aws_iam_role_policy_attachment",
      "name": "az1_4xlarge_eks_node_group_2023040311534749630000000c_policy_AmazonEC2ContainerRegistryReadOnly",
      "provider": "provider[\"registry.terraform.io/hashicorp/aws\"]",
      "instances": [
        {
          "schema_version": 0,
          "attributes": {
            "id": "az1-4xlarge-eks-node-group-2023040311534749630000000c/arn:aws:iam::aws:policy/AmazonEC2ContainerRegistryReadOnly",
            "policy_arn": "arn:aws:iam::aws:policy/AmazonEC2ContainerRegistryReadOnly",
            "role": "az1-4xlarge-eks-node-group-2023040311534749630000000c"
          },
          "sensitive_attributes": []
        }
      ]
    },
    {
      "mode": "managed",
      "type": "aws_iam_role_policy_attachment",
      "name": "az1_4xlarge_eks_node_group_2023040311534749630000000c_policy_AmazonEKSWorkerNodePolicy",
      "provider": "provider[\"registry.terraform.io/hashicorp/aws\"]",
      "instances": [
        {
          "schema_version": 0,
          "attributes": {
            "id": "az1-4xlarge-eks-node-group-2023040311534749630000000c/arn:aws:iam::aws:policy/AmazonEKSWorkerNodePolicy",
            "policy_arn": "arn:aws:iam::aws:policy/AmazonEKSWorkerNodePolicy",
            "role": "az1-4xlarge-eks-node-group-2023040311534749630000000c"
          },
          "sensitive_attributes": []
        }
      ]
    },
    {
      "mode": "managed",
      "type": "aws_iam_role_policy_attachment",
      "name": "az1_4xlarge_eks_node_group_2023040311534749630000000c_policy_AmazonEKS_CNI_Policy",
      "provider": "provider[\"registry.terraform.io/hashicorp/aws\"]",
      "instances": [
        {
          "schema_version": 0,
          "attributes": {
            "id": "az1-4xlarge-eks-node-group-2023040311534749630000000c/arn:aws:iam::aws:policy/AmazonEKS_CNI_Policy",
            "policy_arn": "arn:aws:iam::aws:policy/AmazonEKS_CNI_Policy",
            "role": "az1-4xlarge-eks-node-group-2023040311534749630000000c"
          },
          "sensitive_attributes": []
        }
      ]
    },
    {
      "mode": "managed",
      "type": "aws_iam_role_policy_attachment",
      "name": "az1_arm64_eks_node_group_20230119111552802300000008_policy_AmazonEC2ContainerRegistryReadOnly",
      "provider": "provider[\"registry.terraform.io/hashicorp/aws\"]",
      "instances": [
        {
          "schema_version": 0,
          "attributes": {
            "id": "az1-arm64-eks-node-group-20230119111552802300000008/arn:aws:iam::aws:policy/AmazonEC2ContainerRegistryReadOnly",
            "policy_arn": "arn:aws:iam::aws:policy/AmazonEC2ContainerRegistryReadOnly",
            "role": "az1-arm64-eks-node-group-20230119111552802300000008"
          },
          "sensitive_attributes": []
        }
      ]
    },
    {
      "mode": "managed",
      "type": "aws_iam_role_policy_attachment",
      "name": "az1_arm64_eks_node_group_20230119111552802300000008_policy_AmazonEKSWorkerNodePolicy",
      "provider": "provider[\"registry.terraform.io/hashicorp/aws\"]",
      "instances": [
        {
          "schema_version": 0,
          "attributes": {
            "id": "az1-arm64-eks-node-group-20230119111552802300000008/arn:aws:iam::aws:policy/AmazonEKSWorkerNodePolicy",
            "policy_arn": "arn:aws:iam::aws:policy/AmazonEKSWorkerNodePolicy",
            "role": "az1-arm64-eks-node-group-20230119111552802300000008"
          },
          "sensitive_attributes": []
        }
      ]
    },
    {
      "mode": "managed",
      "type": "aws_iam_role_policy_attachment",
      "name": "az1_arm64_eks_node_group_20230119111552802300000008_policy_AmazonEKS_CNI_Policy",
      "provider": "provider[\"registry.terraform.io/hashicorp/aws\"]",
      "instances": [
        {
          "schema_version": 0,
          "attributes": {
            "id": "az1-arm64-eks-node-group-20230119111552802300000008/arn:aws:iam::aws:policy/AmazonEKS_CNI_Policy",
            "policy_arn": "arn:aws:iam::aws:policy/AmazonEKS_CNI_Policy",
            "role": "az1-arm64-eks-node-group-20230119111552802300000008"
          },
          "sensitive_attributes": []
        }
      ]
    },
    {
      "mode": "managed",
      "type": "aws_iam_role_policy_attachment",
      "name": "az1_arm64_eks_node_group_20230119111552802300000008_policy_AmazonSSMManagedInstanceCore",
      "provider": "provider[\"registry.terraform.io/hashicorp/aws\"]",
      "instances": [
        {
          "schema_version": 0,
          "attributes": {
            "id": "az1-arm64-eks-node-group-20230119111552802300000008/arn:aws:iam::aws:policy/AmazonSSMManagedInstanceCore",
            "policy_arn": "arn:aws:iam::aws:policy/AmazonSSMManagedInstanceCore",
            "role": "az1-arm64-eks-node-group-20230119111552802300000008"
          },
          "sensitive_attributes": []
        }
      ]
    },
    {
      "mode": "managed",
      "type": "aws_iam_role_policy_attachment",
      "name": "az1_arm64_eks_node_group_20230119111552802300000008_policy_AmazonSSMPatchAssociation",
      "provider": "provider[\"registry.terraform.io/hashicorp/aws\"]",
      "instances": [
        {
          "schema_version": 0,
          "attributes": {
            "id": "az1-arm64-eks-node-group-20230119111552802300000008/arn:aws:iam::aws:policy/AmazonSSMPatchAssociation",
            "policy_arn": "arn:aws:iam::aws:policy/AmazonSSMPatchAssociation",
            "role": "az1-arm64-eks-node-group-20230119111552802300000008"
          },
          "sensitive_attributes": []
        }
      ]
    },
    {
      "mode": "managed",
      "type": "aws_iam_role_policy_attachment",
      "name": "az1_arm64_eks_node_group_20230124155745066900000009_policy_AmazonEC2ContainerRegistryReadOnly",
      "provider": "provider[\"registry.terraform.io/hashicorp/aws\"]",
      "instances": [
        {
          "schema_version": 0,
          "attributes": {
            "id": "az1-arm64-eks-node-group-20230124155745066900000009/arn:aws:iam::aws:policy/AmazonEC2ContainerRegistryReadOnly",
            "policy_arn": "arn:aws:iam::aws:policy/AmazonEC2ContainerRegistryReadOnly",
            "role": "az1-arm64-eks-node-group-20230124155745066900000009"
          },
          "sensitive_attributes": []
        }
      ]
    },
    {
      "mode": "managed",
      "type": "aws_iam_role_policy_attachment",
      "name": "az1_arm64_eks_node_group_20230124155745066900000009_policy_AmazonEKSWorkerNodePolicy",
      "provider": "provider[\"registry.terraform.io/hashicorp/aws\"]",
      "instances": [
        {
          "schema_version": 0,
          "attributes": {
            "id": "az1-arm64-eks-node-group-20230124155745066900000009/arn:aws:iam::aws:policy/AmazonEKSWorkerNodePolicy",
            "policy_arn": "arn:aws:iam::aws:policy/AmazonEKSWorkerNodePolicy",
            "role": "az1-arm64-eks-node-group-20230124155745066900000009"
          },
          "sensitive_attributes": []
        }
      ]
    },
    {
      "mode": "managed",
      "type": "aws_iam_role_policy_attachment",
      "name": "az1_arm64_eks_node_group_20230124155745066900000009_policy_AmazonEKS_CNI_Policy",
      "provider": "provider[\"registry.terraform.io/hashicorp/aws\"]",
      "instances": [
        {
          "schema_version": 0,
          "attributes": {
            "id": "az1-arm64-eks-node-group-20230124155745066900000009/arn:aws:iam::aws:policy/AmazonEKS_CNI_Policy",
            "policy_arn": "arn:aws:iam::aws:policy/AmazonEKS_CNI_Policy",
            "role": "az1-arm64-eks-node-group-20230124155745066900000009"
          },
          "sensitive_attributes": []
        }
      ]
    },
    {
      "mode": "managed",
      "type": "aws_iam_role_policy_attachment",
      "name": "az1_arm64_eks_node_group_20230124155745066900000009_policy_AmazonSSMManagedInstanceCore",
      "provider": "provider[\"registry.terraform.io/hashicorp/aws\"]",
      "instances": [
        {
          "schema_version": 0,
          "attributes": {
            "id": "az1-arm64-eks-node-group-20230124155745066900000009/arn:aws:iam::aws:policy/AmazonSSMManagedInstanceCore",
            "policy_arn": "arn:aws:iam::aws:policy/AmazonSSMManagedInstanceCore",
            "role": "az1-arm64-eks-node-group-20230124155745066900000009"
          },
          "sensitive_attributes": []
        }
      ]
    },
    {
      "mode": "managed",
      "type": "aws_iam_role_policy_attachment",
      "name": "az1_arm64_eks_node_group_20230124155745066900000009_policy_AmazonSSMPatchAssociation",
      "provider": "provider[\"registry.terraform.io/hashicorp/aws\"]",
      "instances": [
        {
          "schema_version": 0,
          "attributes": {
            "id": "az1-arm64-eks-node-group-20230124155745066900000009/arn:aws:iam::aws:policy/AmazonSSMPatchAssociation",
            "policy_arn": "arn:aws:iam::aws:policy/AmazonSSMPatchAssociation",
            "role": "az1-arm64-eks-node-group-20230124155745066900000009"
          },
          "sensitive_attributes": []
        }
      ]
    },
    {
      "mode": "managed",
      "type": "aws_iam_role_policy_attachment",
      "name": "az1_arm64_eks_node_group_2023031716524216890000000c_policy_AmazonEC2ContainerRegistryReadOnly",
      "provider": "provider[\"registry.terraform.io/hashicorp/aws\"]",
      "instances": [
        {
          "schema_version": 0,
          "attributes": {
            "id": "az1-arm64-eks-node-group-2023031716524216890000000c/arn:aws:iam::aws:policy/AmazonEC2ContainerRegistryReadOnly",
            "policy_arn": "arn:aws:iam::aws:policy/AmazonEC2ContainerRegistryReadOnly",
            "role": "az1-arm64-eks-node-group-2023031716524216890000000c"
          },
          "sensitive_attributes": []
        }
      ]
    },
    {
      "mode": "managed",
      "type": "aws_iam_role_policy_attachment",
      "name": "az1_arm64_eks_node_group_2023031716524216890000000c_policy_AmazonEKSWorkerNodePolicy",
      "provider": "provider[\"registry.terraform.io/hashicorp/aws\"]",
      "instances": [
        {
          "schema_version": 0,
          "attributes": {
            "id": "az1-arm64-eks-node-group-2023031716524216890000000c/arn:aws:iam::aws:policy/AmazonEKSWorkerNodePolicy",
            "policy_arn": "arn:aws:iam::aws:policy/AmazonEKSWorkerNodePolicy",
            "role": "az1-arm64-eks-node-group-2023031716524216890000000c"
          },
          "sensitive_attributes": []
        }
      ]
    },
    {
      "mode": "managed",
      "type": "aws_iam_role_policy_attachment",
      "name": "az1_arm64_eks_node_group_2023031716524216890000000c_policy_AmazonEKS_CNI_Policy",
      "provider": "provider[\"registry.terraform.io/hashicorp/aws\"]",
      "instances": [
        {
          "schema_version": 0,
          "attributes": {
            "id": "az1-arm64-eks-node-group-2023031716524216890000000c/arn:aws:iam::aws:policy/AmazonEKS_CNI_Policy",
            "policy_arn": "arn:aws:iam::aws:policy/AmazonEKS_CNI_Policy",
            "role": "az1-arm64-eks-node-group-2023031716524216890000000c"
          },
          "sensitive_attributes": []
        }
      ]
    },
    {
      "mode": "managed",
      "type": "aws_iam_role_policy_attachment",
      "name": "az1_arm64_eks_node_group_2023031716524216890000000c_policy_AmazonSSMManagedInstanceCore",
      "provider": "provider[\"registry.terraform.io/hashicorp/aws\"]",
      "instances": [
        {
          "schema_version": 0,
          "attributes": {
            "id": "az1-arm64-eks-node-group-2023031716524216890000000c/arn:aws:iam::aws:policy/AmazonSSMManagedInstanceCore",
            "policy_arn": "arn:aws:iam::aws:policy/AmazonSSMManagedInstanceCore",
            "role": "az1-arm64-eks-node-group-2023031716524216890000000c"
          },
          "sensitive_attributes": []
        }
      ]
    },
    {
      "mode": "managed",
      "type": "aws_iam_role_policy_attachment",
      "name": "az1_arm64_eks_node_group_2023031716524216890000000c_policy_AmazonSSMPatchAssociation",
      "provider": "provider[\"registry.terraform.io/hashicorp/aws\"]",
      "instances": [
        {
          "schema_version": 0,
          "attributes": {
            "id": "az1-arm64-eks-node-group-2023031716524216890000000c/arn:aws:iam::aws:policy/AmazonSSMPatchAssociation",
            "policy_arn": "arn:aws:iam::aws:policy/AmazonSSMPatchAssociation",
            "role": "az1-arm64-eks-node-group-2023031716524216890000000c"
          },
          "sensitive_attributes": []
        }
      ]
    },
    {
      "mode": "managed",
      "type": "aws_iam_role_policy_attachment",
      "name": "az1_arm64_eks_node_group_20230324104144295600000008_policy_AmazonEC2ContainerRegistryReadOnly",
      "provider": "provider[\"registry.terraform.io/hashicorp/aws\"]",
      "instances": [
        {
          "schema_version": 0,
          "attributes": {
            "id": "az1-arm64-eks-node-group-20230324104144295600000008/arn:aws:iam::aws:policy/AmazonEC2ContainerRegistryReadOnly",
            "policy_arn": "arn:aws:iam::aws:policy/AmazonEC2ContainerRegistryReadOnly",
            "role": "az1-arm64-eks-node-group-20230324104144295600000008"
          },
          "sensitive_attributes": []
        }
      ]
    },
    {
      "mode": "managed",
      "type": "aws_iam_role_policy_attachment",
      "name": "az1_arm64_eks_node_group_20230324104144295600000008_policy_AmazonEKSWorkerNodePolicy",
      "provider": "provider[\"registry.terraform.io/hashicorp/aws\"]",
      "instances": [
        {
          "schema_version": 0,
          "attributes": {
            "id": "az1-arm64-eks-node-group-20230324104144295600000008/arn:aws:iam::aws:policy/AmazonEKSWorkerNodePolicy",
            "policy_arn": "arn:aws:iam::aws:policy/AmazonEKSWorkerNodePolicy",
            "role": "az1-arm64-eks-node-group-20230324104144295600000008"
          },
          "sensitive_attributes": []
        }
      ]
    },
    {
      "mode": "managed",
      "type": "aws_iam_role_policy_attachment",
      "name": "az1_arm64_eks_node_group_20230324104144295600000008_policy_AmazonEKS_CNI_Policy",
      "provider": "provider[\"registry.terraform.io/hashicorp/aws\"]",
      "instances": [
        {
          "schema_version": 0,
          "attributes": {
            "id": "az1-arm64-eks-node-group-20230324104144295600000008/arn:aws:iam::aws:policy/AmazonEKS_CNI_Policy",
            "policy_arn": "arn:aws:iam::aws:policy/AmazonEKS_CNI_Policy",
            "role": "az1-arm64-eks-node-group-20230324104144295600000008"
          },
          "sensitive_attributes": []
        }
      ]
    },
    {
      "mode": "managed",
      "type": "aws_iam_role_policy_attachment",
      "name": "az1_arm64_eks_node_group_2023032411460262940000000b_policy_AmazonEC2ContainerRegistryReadOnly",
      "provider": "provider[\"registry.terraform.io/hashicorp/aws\"]",
      "instances": [
        {
          "schema_version": 0,
          "attributes": {
            "id": "az1-arm64-eks-node-group-2023032411460262940000000b/arn:aws:iam::aws:policy/AmazonEC2ContainerRegistryReadOnly",
            "policy_arn": "arn:aws:iam::aws:policy/AmazonEC2ContainerRegistryReadOnly",
            "role": "az1-arm64-eks-node-group-2023032411460262940000000b"
          },
          "sensitive_attributes": []
        }
      ]
    },
    {
      "mode": "managed",
      "type": "aws_iam_role_policy_attachment",
      "name": "az1_arm64_eks_node_group_2023032411460262940000000b_policy_AmazonEKSWorkerNodePolicy",
      "provider": "provider[\"registry.terraform.io/hashicorp/aws\"]",
      "instances": [
        {
          "schema_version": 0,
          "attributes": {
            "id": "az1-arm64-eks-node-group-2023032411460262940000000b/arn:aws:iam::aws:policy/AmazonEKSWorkerNodePolicy",
            "policy_arn": "arn:aws:iam::aws:policy/AmazonEKSWorkerNodePolicy",
            "role": "az1-arm64-eks-node-group-2023032411460262940000000b"
          },
          "sensitive_attributes": []
        }
      ]
    },
    {
      "mode": "managed",
      "type": "aws_iam_role_policy_attachment",
      "name": "az1_arm64_eks_node_group_2023032411460262940000000b_policy_AmazonEKS_CNI_Policy",
      "provider": "provider[\"registry.terraform.io/hashicorp/aws\"]",
      "instances": [
        {
          "schema_version": 0,
          "attributes": {
            "id": "az1-arm64-eks-node-group-2023032411460262940000000b/arn:aws:iam::aws:policy/AmazonEKS_CNI_Policy",
            "policy_arn": "arn:aws:iam::aws:policy/AmazonEKS_CNI_Policy",
            "role": "az1-arm64-eks-node-group-2023032411460262940000000b"
          },
          "sensitive_attributes": []
        }
      ]
    },
    {
      "mode": "managed",
      "type": "aws_iam_role_policy_attachment",
      "name": "az1_arm64_eks_node_group_2023032411460262940000000b_policy_AmazonSSMManagedInstanceCore",
      "provider": "provider[\"registry.terraform.io/hashicorp/aws\"]",
      "instances": [
        {
          "schema_version": 0,
          "attributes": {
            "id": "az1-arm64-eks-node-group-2023032411460262940000000b/arn:aws:iam::aws:policy/AmazonSSMManagedInstanceCore",
            "policy_arn": "arn:aws:iam::aws:policy/AmazonSSMManagedInstanceCore",
            "role": "az1-arm64-eks-node-group-2023032411460262940000000b"
          },
          "sensitive_attributes": []
        }
      ]
    },
    {
      "mode": "managed",
      "type": "aws_iam_role_policy_attachment",
      "name": "az1_arm64_eks_node_group_2023032411460262940000000b_policy_AmazonSSMPatchAssociation",
      "provider": "provider[\"registry.terraform.io/hashicorp/aws\"]",
      "instances": [
        {
          "schema_version": 0,
          "attributes": {
            "id": "az1-arm64-eks-node-group-2023032411460262940000000b/arn:aws:iam::aws:policy/AmazonSSMPatchAssociation",
            "policy_arn": "arn:aws:iam::aws:policy/AmazonSSMPatchAssociation",
            "role": "az1-arm64-eks-node-group-2023032411460262940000000b"
          },
          "sensitive_attributes": []
        }
      ]
    },
    {
      "mode": "managed",
      "type": "aws_iam_role_policy_attachment",
      "name": "az1_arm64_eks_node_group_20230403115346682300000007_policy_AmazonEC2ContainerRegistryReadOnly",
      "provider": "provider[\"registry.terraform.io/hashicorp/aws\"]",
      "instances": [
        {
          "schema_version": 0,
          "attributes": {
            "id": "az1-arm64-eks-node-group-20230403115346682300000007/arn:aws:iam::aws:policy/AmazonEC2ContainerRegistryReadOnly",
            "policy_arn": "arn:aws:iam::aws:policy/AmazonEC2ContainerRegistryReadOnly",
            "role": "az1-arm64-eks-node-group-20230403115346682300000007"
          },
          "sensitive_attributes": []
        }
      ]
    },
    {
      "mode": "managed",
      "type": "aws_iam_role_policy_attachment",
      "name": "az1_arm64_eks_node_group_20230403115346682300000007_policy_AmazonEKSWorkerNodePolicy",
      "provider": "provider[\"registry.terraform.io/hashicorp/aws\"]",
      "instances": [
        {
          "schema_version": 0,
          "attributes": {
            "id": "az1-arm64-eks-node-group-20230403115346682300000007/arn:aws:iam::aws:policy/AmazonEKSWorkerNodePolicy",
            "policy_arn": "arn:aws:iam::aws:policy/AmazonEKSWorkerNodePolicy",
            "role": "az1-arm64-eks-node-group-20230403115346682300000007"
          },
          "sensitive_attributes": []
        }
      ]
    },
    {
      "mode": "managed",
      "type": "aws_iam_role_policy_attachment",
      "name": "az1_arm64_eks_node_group_20230403115346682300000007_policy_AmazonEKS_CNI_Policy",
      "provider": "provider[\"registry.terraform.io/hashicorp/aws\"]",
      "instances": [
        {
          "schema_version": 0,
          "attributes": {
            "id": "az1-arm64-eks-node-group-20230403115346682300000007/arn:aws:iam::aws:policy/AmazonEKS_CNI_Policy",
            "policy_arn": "arn:aws:iam::aws:policy/AmazonEKS_CNI_Policy",
            "role": "az1-arm64-eks-node-group-20230403115346682300000007"
          },
          "sensitive_attributes": []
        }
      ]
    },
    {
      "mode": "managed",
      "type": "aws_iam_role_policy_attachment",
      "name": "az2_4xlarge_eks_node_group_20220818161915279400000004_policy_AmazonEC2ContainerRegistryReadOnly",
      "provider": "provider[\"registry.terraform.io/hashicorp/aws\"]",
      "instances": [
        {
          "schema_version": 0,
          "attributes": {
            "id": "az2-4xlarge-eks-node-group-20220818161915279400000004/arn:aws:iam::aws:policy/AmazonEC2ContainerRegistryReadOnly",
            "policy_arn": "arn:aws:iam::aws:policy/AmazonEC2ContainerRegistryReadOnly",
            "role": "az2-4xlarge-eks-node-group-20220818161915279400000004"
          },
          "sensitive_attributes": []
        }
      ]
    },
    {
      "mode": "managed",
      "type": "aws_iam_role_policy_attachment",
      "name": "az2_4xlarge_eks_node_group_20220818161915279400000004_policy_AmazonEKSWorkerNodePolicy",
      "provider": "provider[\"registry.terraform.io/hashicorp/aws\"]",
      "instances": [
        {
          "schema_version": 0,
          "attributes": {
            "id": "az2-4xlarge-eks-node-group-20220818161915279400000004/arn:aws:iam::aws:policy/AmazonEKSWorkerNodePolicy",
            "policy_arn": "arn:aws:iam::aws:policy/AmazonEKSWorkerNodePolicy",
            "role": "az2-4xlarge-eks-node-group-20220818161915279400000004"
          },
          "sensitive_attributes": []
        }
      ]
    },
    {
      "mode": "managed",
      "type": "aws_iam_role_policy_attachment",
      "name": "az2_4xlarge_eks_node_group_20220818161915279400000004_policy_AmazonEKS_CNI_Policy",
      "provider": "provider[\"registry.terraform.io/hashicorp/aws\"]",
      "instances": [
        {
          "schema_version": 0,
          "attributes": {
            "id": "az2-4xlarge-eks-node-group-20220818161915279400000004/arn:aws:iam::aws:policy/AmazonEKS_CNI_Policy",
            "policy_arn": "arn:aws:iam::aws:policy/AmazonEKS_CNI_Policy",
            "role": "az2-4xlarge-eks-node-group-20220818161915279400000004"
          },
          "sensitive_attributes": []
        }
      ]
    },
    {
      "mode": "managed",
      "type": "aws_iam_role_policy_attachment",
      "name": "az2_4xlarge_eks_node_group_20220823125548127600000009_policy_AmazonEC2ContainerRegistryReadOnly",
      "provider": "provider[\"registry.terraform.io/hashicorp/aws\"]",
      "instances": [
        {
          "schema_version": 0,
          "attributes": {
            "id": "az2-4xlarge-eks-node-group-20220823125548127600000009/arn:aws:iam::aws:policy/AmazonEC2ContainerRegistryReadOnly",
            "policy_arn": "arn:aws:iam::aws:policy/AmazonEC2ContainerRegistryReadOnly",
            "role": "az2-4xlarge-eks-node-group-20220823125548127600000009"
          },
          "sensitive_attributes": []
        }
      ]
    },
    {
      "mode": "managed",
      "type": "aws_iam_role_policy_attachment",
      "name": "az2_4xlarge_eks_node_group_20220823125548127600000009_policy_AmazonEKSWorkerNodePolicy",
      "provider": "provider[\"registry.terraform.io/hashicorp/aws\"]",
      "instances": [
        {
          "schema_version": 0,
          "attributes": {
            "id": "az2-4xlarge-eks-node-group-20220823125548127600000009/arn:aws:iam::aws:policy/AmazonEKSWorkerNodePolicy",
            "policy_arn": "arn:aws:iam::aws:policy/AmazonEKSWorkerNodePolicy",
            "role": "az2-4xlarge-eks-node-group-20220823125548127600000009"
          },
          "sensitive_attributes": []
        }
      ]
    },
    {
      "mode": "managed",
      "type": "aws_iam_role_policy_attachment",
      "name": "az2_4xlarge_eks_node_group_20220823125548127600000009_policy_AmazonEKS_CNI_Policy",
      "provider": "provider[\"registry.terraform.io/hashicorp/aws\"]",
      "instances": [
        {
          "schema_version": 0,
          "attributes": {
            "id": "az2-4xlarge-eks-node-group-20220823125548127600000009/arn:aws:iam::aws:policy/AmazonEKS_CNI_Policy",
            "policy_arn": "arn:aws:iam::aws:policy/AmazonEKS_CNI_Policy",
            "role": "az2-4xlarge-eks-node-group-20220823125548127600000009"
          },
          "sensitive_attributes": []
        }
      ]
    },
    {
      "mode": "managed",
      "type": "aws_iam_role_policy_attachment",
      "name": "az2_4xlarge_eks_node_group_20220823125548127600000009_policy_AmazonSSMManagedInstanceCore",
      "provider": "provider[\"registry.terraform.io/hashicorp/aws\"]",
      "instances": [
        {
          "schema_version": 0,
          "attributes": {
            "id": "az2-4xlarge-eks-node-group-20220823125548127600000009/arn:aws:iam::aws:policy/AmazonSSMManagedInstanceCore",
            "policy_arn": "arn:aws:iam::aws:policy/AmazonSSMManagedInstanceCore",
            "role": "az2-4xlarge-eks-node-group-20220823125548127600000009"
          },
          "sensitive_attributes": []
        }
      ]
    },
    {
      "mode": "managed",
      "type": "aws_iam_role_policy_attachment",
      "name": "az2_4xlarge_eks_node_group_20220823125548127600000009_policy_AmazonSSMPatchAssociation",
      "provider": "provider[\"registry.terraform.io/hashicorp/aws\"]",
      "instances": [
        {
          "schema_version": 0,
          "attributes": {
            "id": "az2-4xlarge-eks-node-group-20220823125548127600000009/arn:aws:iam::aws:policy/AmazonSSMPatchAssociation",
            "policy_arn": "arn:aws:iam::aws:policy/AmazonSSMPatchAssociation",
            "role": "az2-4xlarge-eks-node-group-20220823125548127600000009"
          },
          "sensitive_attributes": []
        }
      ]
    },
    {
      "mode": "managed",
      "type": "aws_iam_role_policy_attachment",
      "name": "az2_4xlarge_eks_node_group_20221020153002486200000007_policy_AmazonEC2ContainerRegistryReadOnly",
      "provider": "provider[\"registry.terraform.io/hashicorp/aws\"]",
      "instances": [
        {
          "schema_version": 0,
          "attributes": {
            "id": "az2-4xlarge-eks-node-group-20221020153002486200000007/arn:aws:iam::aws:policy/AmazonEC2ContainerRegistryReadOnly",
            "policy_arn": "arn:aws:iam::aws:policy/AmazonEC2ContainerRegistryReadOnly",
            "role": "az2-4xlarge-eks-node-group-20221020153002486200000007"
          },
          "sensitive_attributes": []
        }
      ]
    },
    {
      "mode": "managed",
      "type": "aws_iam_role_policy_attachment",
      "name": "az2_4xlarge_eks_node_group_20221020153002486200000007_policy_AmazonEKSWorkerNodePolicy",
      "provider": "provider[\"registry.terraform.io/hashicorp/aws\"]",
      "instances": [
        {
          "schema_version": 0,
          "attributes": {
            "id": "az2-4xlarge-eks-node-group-20221020153002486200000007/arn:aws:iam::aws:policy/AmazonEKSWorkerNodePolicy",
            "policy_arn": "arn:aws:iam::aws:policy/AmazonEKSWorkerNodePolicy",
            "role": "az2-4xlarge-eks-node-group-20221020153002486200000007"
          },
          "sensitive_attributes": []
        }
      ]
    },
    {
      "mode": "managed",
      "type": "aws_iam_role_policy_attachment",
      "name": "az2_4xlarge_eks_node_group_20221020153002486200000007_policy_AmazonEKS_CNI_Policy",
      "provider": "provider[\"registry.terraform.io/hashicorp/aws\"]",
      "instances": [
        {
          "schema_version": 0,
          "attributes": {
            "id": "az2-4xlarge-eks-node-group-20221020153002486200000007/arn:aws:iam::aws:policy/AmazonEKS_CNI_Policy",
            "policy_arn": "arn:aws:iam::aws:policy/AmazonEKS_CNI_Policy",
            "role": "az2-4xlarge-eks-node-group-20221020153002486200000007"
          },
          "sensitive_attributes": []
        }
      ]
    },
    {
      "mode": "managed",
      "type": "aws_iam_role_policy_attachment",
      "name": "az2_4xlarge_eks_node_group_20221102203256999900000007_policy_AmazonEC2ContainerRegistryReadOnly",
      "provider": "provider[\"registry.terraform.io/hashicorp/aws\"]",
      "instances": [
        {
          "schema_version": 0,
          "attributes": {
            "id": "az2-4xlarge-eks-node-group-20221102203256999900000007/arn:aws:iam::aws:policy/AmazonEC2ContainerRegistryReadOnly",
            "policy_arn": "arn:aws:iam::aws:policy/AmazonEC2ContainerRegistryReadOnly",
            "role": "az2-4xlarge-eks-node-group-20221102203256999900000007"
          },
          "sensitive_attributes": []
        }
      ]
    },
    {
      "mode": "managed",
      "type": "aws_iam_role_policy_attachment",
      "name": "az2_4xlarge_eks_node_group_20221102203256999900000007_policy_AmazonEKSWorkerNodePolicy",
      "provider": "provider[\"registry.terraform.io/hashicorp/aws\"]",
      "instances": [
        {
          "schema_version": 0,
          "attributes": {
            "id": "az2-4xlarge-eks-node-group-20221102203256999900000007/arn:aws:iam::aws:policy/AmazonEKSWorkerNodePolicy",
            "policy_arn": "arn:aws:iam::aws:policy/AmazonEKSWorkerNodePolicy",
            "role": "az2-4xlarge-eks-node-group-20221102203256999900000007"
          },
          "sensitive_attributes": []
        }
      ]
    },
    {
      "mode": "managed",
      "type": "aws_iam_role_policy_attachment",
      "name": "az2_4xlarge_eks_node_group_20221102203256999900000007_policy_AmazonEKS_CNI_Policy",
      "provider": "provider[\"registry.terraform.io/hashicorp/aws\"]",
      "instances": [
        {
          "schema_version": 0,
          "attributes": {
            "id": "az2-4xlarge-eks-node-group-20221102203256999900000007/arn:aws:iam::aws:policy/AmazonEKS_CNI_Policy",
            "policy_arn": "arn:aws:iam::aws:policy/AmazonEKS_CNI_Policy",
            "role": "az2-4xlarge-eks-node-group-20221102203256999900000007"
          },
          "sensitive_attributes": []
        }
      ]
    },
    {
      "mode": "managed",
      "type": "aws_iam_role_policy_attachment",
      "name": "az2_4xlarge_eks_node_group_20221110172120391000000008_policy_AmazonEC2ContainerRegistryReadOnly",
      "provider": "provider[\"registry.terraform.io/hashicorp/aws\"]",
      "instances": [
        {
          "schema_version": 0,
          "attributes": {
            "id": "az2-4xlarge-eks-node-group-20221110172120391000000008/arn:aws:iam::aws:policy/AmazonEC2ContainerRegistryReadOnly",
            "policy_arn": "arn:aws:iam::aws:policy/AmazonEC2ContainerRegistryReadOnly",
            "role": "az2-4xlarge-eks-node-group-20221110172120391000000008"
          },
          "sensitive_attributes": []
        }
      ]
    },
    {
      "mode": "managed",
      "type": "aws_iam_role_policy_attachment",
      "name": "az2_4xlarge_eks_node_group_20221110172120391000000008_policy_AmazonEKSWorkerNodePolicy",
      "provider": "provider[\"registry.terraform.io/hashicorp/aws\"]",
      "instances": [
        {
          "schema_version": 0,
          "attributes": {
            "id": "az2-4xlarge-eks-node-group-20221110172120391000000008/arn:aws:iam::aws:policy/AmazonEKSWorkerNodePolicy",
            "policy_arn": "arn:aws:iam::aws:policy/AmazonEKSWorkerNodePolicy",
            "role": "az2-4xlarge-eks-node-group-20221110172120391000000008"
          },
          "sensitive_attributes": []
        }
      ]
    },
    {
      "mode": "managed",
      "type": "aws_iam_role_policy_attachment",
      "name": "az2_4xlarge_eks_node_group_20221110172120391000000008_policy_AmazonEKS_CNI_Policy",
      "provider": "provider[\"registry.terraform.io/hashicorp/aws\"]",
      "instances": [
        {
          "schema_version": 0,
          "attributes": {
            "id": "az2-4xlarge-eks-node-group-20221110172120391000000008/arn:aws:iam::aws:policy/AmazonEKS_CNI_Policy",
            "policy_arn": "arn:aws:iam::aws:policy/AmazonEKS_CNI_Policy",
            "role": "az2-4xlarge-eks-node-group-20221110172120391000000008"
          },
          "sensitive_attributes": []
        }
      ]
    },
    {
      "mode": "managed",
      "type": "aws_iam_role_policy_attachment",
      "name": "az2_4xlarge_eks_node_group_2023012415574590030000000f_policy_AmazonEC2ContainerRegistryReadOnly",
      "provider": "provider[\"registry.terraform.io/hashicorp/aws\"]",
      "instances": [
        {
          "schema_version": 0,
          "attributes": {
            "id": "az2-4xlarge-eks-node-group-2023012415574590030000000f/arn:aws:iam::aws:policy/AmazonEC2ContainerRegistryReadOnly",
            "policy_arn": "arn:aws:iam::aws:policy/AmazonEC2ContainerRegistryReadOnly",
            "role": "az2-4xlarge-eks-node-group-2023012415574590030000000f"
          },
          "sensitive_attributes": []
        }
      ]
    },
    {
      "mode": "managed",
      "type": "aws_iam_role_policy_attachment",
      "name": "az2_4xlarge_eks_node_group_2023012415574590030000000f_policy_AmazonEKSWorkerNodePolicy",
      "provider": "provider[\"registry.terraform.io/hashicorp/aws\"]",
      "instances": [
        {
          "schema_version": 0,
          "attributes": {
            "id": "az2-4xlarge-eks-node-group-2023012415574590030000000f/arn:aws:iam::aws:policy/AmazonEKSWorkerNodePolicy",
            "policy_arn": "arn:aws:iam::aws:policy/AmazonEKSWorkerNodePolicy",
            "role": "az2-4xlarge-eks-node-group-2023012415574590030000000f"
          },
          "sensitive_attributes": []
        }
      ]
    },
    {
      "mode": "managed",
      "type": "aws_iam_role_policy_attachment",
      "name": "az2_4xlarge_eks_node_group_2023012415574590030000000f_policy_AmazonEKS_CNI_Policy",
      "provider": "provider[\"registry.terraform.io/hashicorp/aws\"]",
      "instances": [
        {
          "schema_version": 0,
          "attributes": {
            "id": "az2-4xlarge-eks-node-group-2023012415574590030000000f/arn:aws:iam::aws:policy/AmazonEKS_CNI_Policy",
            "policy_arn": "arn:aws:iam::aws:policy/AmazonEKS_CNI_Policy",
            "role": "az2-4xlarge-eks-node-group-2023012415574590030000000f"
          },
          "sensitive_attributes": []
        }
      ]
    },
    {
      "mode": "managed",
      "type": "aws_iam_role_policy_attachment",
      "name": "az2_4xlarge_eks_node_group_20230317165241279100000006_policy_AmazonEC2ContainerRegistryReadOnly",
      "provider": "provider[\"registry.terraform.io/hashicorp/aws\"]",
      "instances": [
        {
          "schema_version": 0,
          "attributes": {
            "id": "az2-4xlarge-eks-node-group-20230317165241279100000006/arn:aws:iam::aws:policy/AmazonEC2ContainerRegistryReadOnly",
            "policy_arn": "arn:aws:iam::aws:policy/AmazonEC2ContainerRegistryReadOnly",
            "role": "az2-4xlarge-eks-node-group-20230317165241279100000006"
          },
          "sensitive_attributes": []
        }
      ]
    },
    {
      "mode": "managed",
      "type": "aws_iam_role_policy_attachment",
      "name": "az2_4xlarge_eks_node_group_20230317165241279100000006_policy_AmazonEKSWorkerNodePolicy",
      "provider": "provider[\"registry.terraform.io/hashicorp/aws\"]",
      "instances": [
        {
          "schema_version": 0,
          "attributes": {
            "id": "az2-4xlarge-eks-node-group-20230317165241279100000006/arn:aws:iam::aws:policy/AmazonEKSWorkerNodePolicy",
            "policy_arn": "arn:aws:iam::aws:policy/AmazonEKSWorkerNodePolicy",
            "role": "az2-4xlarge-eks-node-group-20230317165241279100000006"
          },
          "sensitive_attributes": []
        }
      ]
    },
    {
      "mode": "managed",
      "type": "aws_iam_role_policy_attachment",
      "name": "az2_4xlarge_eks_node_group_20230317165241279100000006_policy_AmazonEKS_CNI_Policy",
      "provider": "provider[\"registry.terraform.io/hashicorp/aws\"]",
      "instances": [
        {
          "schema_version": 0,
          "attributes": {
            "id": "az2-4xlarge-eks-node-group-20230317165241279100000006/arn:aws:iam::aws:policy/AmazonEKS_CNI_Policy",
            "policy_arn": "arn:aws:iam::aws:policy/AmazonEKS_CNI_Policy",
            "role": "az2-4xlarge-eks-node-group-20230317165241279100000006"
          },
          "sensitive_attributes": []
        }
      ]
    },
    {
      "mode": "managed",
      "type": "aws_iam_role_policy_attachment",
      "name": "az2_4xlarge_eks_node_group_20230324104144296000000009_policy_AmazonEC2ContainerRegistryReadOnly",
      "provider": "provider[\"registry.terraform.io/hashicorp/aws\"]",
      "instances": [
        {
          "schema_version": 0,
          "attributes": {
            "id": "az2-4xlarge-eks-node-group-20230324104144296000000009/arn:aws:iam::aws:policy/AmazonEC2ContainerRegistryReadOnly",
            "policy_arn": "arn:aws:iam::aws:policy/AmazonEC2ContainerRegistryReadOnly",
            "role": "az2-4xlarge-eks-node-group-20230324104144296000000009"
          },
          "sensitive_attributes": []
        }
      ]
    },
    {
      "mode": "managed",
      "type": "aws_iam_role_policy_attachment",
      "name": "az2_4xlarge_eks_node_group_20230324104144296000000009_policy_AmazonEKSWorkerNodePolicy",
      "provider": "provider[\"registry.terraform.io/hashicorp/aws\"]",
      "instances": [
        {
          "schema_version": 0,
          "attributes": {
            "id": "az2-4xlarge-eks-node-group-20230324104144296000000009/arn:aws:iam::aws:policy/AmazonEKSWorkerNodePolicy",
            "policy_arn": "arn:aws:iam::aws:policy/AmazonEKSWorkerNodePolicy",
            "role": "az2-4xlarge-eks-node-group-20230324104144296000000009"
          },
          "sensitive_attributes": []
        }
      ]
    },
    {
      "mode": "managed",
      "type": "aws_iam_role_policy_attachment",
      "name": "az2_4xlarge_eks_node_group_20230324104144296000000009_policy_AmazonEKS_CNI_Policy",
      "provider": "provider[\"registry.terraform.io/hashicorp/aws\"]",
      "instances": [
        {
          "schema_version": 0,
          "attributes": {
            "id": "az2-4xlarge-eks-node-group-20230324104144296000000009/arn:aws:iam::aws:policy/AmazonEKS_CNI_Policy",
            "policy_arn": "arn:aws:iam::aws:policy/AmazonEKS_CNI_Policy",
            "role": "az2-4xlarge-eks-node-group-20230324104144296000000009"
          },
          "sensitive_attributes": []
        }
      ]
    },
    {
      "mode": "managed",
      "type": "aws_iam_role_policy_attachment",
      "name": "az2_4xlarge_eks_node_group_20230324104144296000000009_policy_AmazonSSMManagedInstanceCore",
      "provider": "provider[\"registry.terraform.io/hashicorp/aws\"]",
      "instances": [
        {
          "schema_version": 0,
          "attributes": {
            "id": "az2-4xlarge-eks-node-group-20230324104144296000000009/arn:aws:iam::aws:policy/AmazonSSMManagedInstanceCore",
            "policy_arn": "arn:aws:iam::aws:policy/AmazonSSMManagedInstanceCore",
            "role": "az2-4xlarge-eks-node-group-20230324104144296000000009"
          },
          "sensitive_attributes": []
        }
      ]
    },
    {
      "mode": "managed",
      "type": "aws_iam_role_policy_attachment",
      "name": "az2_4xlarge_eks_node_group_20230324104144296000000009_policy_AmazonSSMPatchAssociation",
      "provider": "provider[\"registry.terraform.io/hashicorp/aws\"]",
      "instances": [
        {
          "schema_version": 0,
          "attributes": {
            "id": "az2-4xlarge-eks-node-group-20230324104144296000000009/arn:aws:iam::aws:policy/AmazonSSMPatchAssociation",
            "policy_arn": "arn:aws:iam::aws:policy/AmazonSSMPatchAssociation",
            "role": "az2-4xlarge-eks-node-group-20230324104144296000000009"
          },
          "sensitive_attributes": []
        }
      ]
    },
    {
      "mode": "managed",
      "type": "aws_iam_role_policy_attachment",
      "name": "az2_4xlarge_eks_node_group_20230324114603621900000010_policy_AmazonEC2ContainerRegistryReadOnly",
      "provider": "provider[\"registry.terraform.io/hashicorp/aws\"]",
      "instances": [
        {
          "schema_version": 0,
          "attributes": {
            "id": "az2-4xlarge-eks-node-group-20230324114603621900000010/arn:aws:iam::aws:policy/AmazonEC2ContainerRegistryReadOnly",
            "policy_arn": "arn:aws:iam::aws:policy/AmazonEC2ContainerRegistryReadOnly",
            "role": "az2-4xlarge-eks-node-group-20230324114603621900000010"
          },
          "sensitive_attributes": []
        }
      ]
    },
    {
      "mode": "managed",
      "type": "aws_iam_role_policy_attachment",
      "name": "az2_4xlarge_eks_node_group_20230324114603621900000010_policy_AmazonEKSWorkerNodePolicy",
      "provider": "provider[\"registry.terraform.io/hashicorp/aws\"]",
      "instances": [
        {
          "schema_version": 0,
          "attributes": {
            "id": "az2-4xlarge-eks-node-group-20230324114603621900000010/arn:aws:iam::aws:policy/AmazonEKSWorkerNodePolicy",
            "policy_arn": "arn:aws:iam::aws:policy/AmazonEKSWorkerNodePolicy",
            "role": "az2-4xlarge-eks-node-group-20230324114603621900000010"
          },
          "sensitive_attributes": []
        }
      ]
    },
    {
      "mode": "managed",
      "type": "aws_iam_role_policy_attachment",
      "name": "az2_4xlarge_eks_node_group_20230324114603621900000010_policy_AmazonEKS_CNI_Policy",
      "provider": "provider[\"registry.terraform.io/hashicorp/aws\"]",
      "instances": [
        {
          "schema_version": 0,
          "attributes": {
            "id": "az2-4xlarge-eks-node-group-20230324114603621900000010/arn:aws:iam::aws:policy/AmazonEKS_CNI_Policy",
            "policy_arn": "arn:aws:iam::aws:policy/AmazonEKS_CNI_Policy",
            "role": "az2-4xlarge-eks-node-group-20230324114603621900000010"
          },
          "sensitive_attributes": []
        }
      ]
    },
    {
      "mode": "managed",
      "type": "aws_iam_role_policy_attachment",
      "name": "az2_4xlarge_eks_node_group_20230403115348617400000011_policy_AmazonEC2ContainerRegistryReadOnly",
      "provider": "provider[\"registry.terraform.io/hashicorp/aws\"]",
      "instances": [
        {
          "schema_version": 0,
          "attributes": {
            "id": "az2-4xlarge-eks-node-group-20230403115348617400000011/arn:aws:iam::aws:policy/AmazonEC2ContainerRegistryReadOnly",
            "policy_arn": "arn:aws:iam::aws:policy/AmazonEC2ContainerRegistryReadOnly",
            "role": "az2-4xlarge-eks-node-group-20230403115348617400000011"
          },
          "sensitive_attributes": []
        }
      ]
    },
    {
      "mode": "managed",
      "type": "aws_iam_role_policy_attachment",
      "name": "az2_4xlarge_eks_node_group_20230403115348617400000011_policy_AmazonEKSWorkerNodePolicy",
      "provider": "provider[\"registry.terraform.io/hashicorp/aws\"]",
      "instances": [
        {
          "schema_version": 0,
          "attributes": {
            "id": "az2-4xlarge-eks-node-group-20230403115348617400000011/arn:aws:iam::aws:policy/AmazonEKSWorkerNodePolicy",
            "policy_arn": "arn:aws:iam::aws:policy/AmazonEKSWorkerNodePolicy",
            "role": "az2-4xlarge-eks-node-group-20230403115348617400000011"
          },
          "sensitive_attributes": []
        }
      ]
    },
    {
      "mode": "managed",
      "type": "aws_iam_role_policy_attachment",
      "name": "az2_4xlarge_eks_node_group_20230403115348617400000011_policy_AmazonEKS_CNI_Policy",
      "provider": "provider[\"registry.terraform.io/hashicorp/aws\"]",
      "instances": [
        {
          "schema_version": 0,
          "attributes": {
            "id": "az2-4xlarge-eks-node-group-20230403115348617400000011/arn:aws:iam::aws:policy/AmazonEKS_CNI_Policy",
            "policy_arn": "arn:aws:iam::aws:policy/AmazonEKS_CNI_Policy",
            "role": "az2-4xlarge-eks-node-group-20230403115348617400000011"
          },
          "sensitive_attributes": []
        }
      ]
    },
    {
      "mode": "managed",
      "type": "aws_iam_role_policy_attachment",
      "name": "az2_arm64_br_eks_node_group_20230320085759617700000002_policy_AmazonEC2ContainerRegistryReadOnly",
      "provider": "provider[\"registry.terraform.io/hashicorp/aws\"]",
      "instances": [
        {
          "schema_version": 0,
          "attributes": {
            "id": "az2-arm64-br-eks-node-group-20230320085759617700000002/arn:aws:iam::aws:policy/AmazonEC2ContainerRegistryReadOnly",
            "policy_arn": "arn:aws:iam::aws:policy/AmazonEC2ContainerRegistryReadOnly",
            "role": "az2-arm64-br-eks-node-group-20230320085759617700000002"
          },
          "sensitive_attributes": []
        }
      ]
    },
    {
      "mode": "managed",
      "type": "aws_iam_role_policy_attachment",
      "name": "az2_arm64_br_eks_node_group_20230320085759617700000002_policy_AmazonEKSWorkerNodePolicy",
      "provider": "provider[\"registry.terraform.io/hashicorp/aws\"]",
      "instances": [
        {
          "schema_version": 0,
          "attributes": {
            "id": "az2-arm64-br-eks-node-group-20230320085759617700000002/arn:aws:iam::aws:policy/AmazonEKSWorkerNodePolicy",
            "policy_arn": "arn:aws:iam::aws:policy/AmazonEKSWorkerNodePolicy",
            "role": "az2-arm64-br-eks-node-group-20230320085759617700000002"
          },
          "sensitive_attributes": []
        }
      ]
    },
    {
      "mode": "managed",
      "type": "aws_iam_role_policy_attachment",
      "name": "az2_arm64_br_eks_node_group_20230320085759617700000002_policy_AmazonEKS_CNI_Policy",
      "provider": "provider[\"registry.terraform.io/hashicorp/aws\"]",
      "instances": [
        {
          "schema_version": 0,
          "attributes": {
            "id": "az2-arm64-br-eks-node-group-20230320085759617700000002/arn:aws:iam::aws:policy/AmazonEKS_CNI_Policy",
            "policy_arn": "arn:aws:iam::aws:policy/AmazonEKS_CNI_Policy",
            "role": "az2-arm64-br-eks-node-group-20230320085759617700000002"
          },
          "sensitive_attributes": []
        }
      ]
    },
    {
      "mode": "managed",
      "type": "aws_iam_role_policy_attachment",
      "name": "az2_arm64_br_eks_node_group_20230320085759617700000002_policy_AmazonSSMManagedInstanceCore",
      "provider": "provider[\"registry.terraform.io/hashicorp/aws\"]",
      "instances": [
        {
          "schema_version": 0,
          "attributes": {
            "id": "az2-arm64-br-eks-node-group-20230320085759617700000002/arn:aws:iam::aws:policy/AmazonSSMManagedInstanceCore",
            "policy_arn": "arn:aws:iam::aws:policy/AmazonSSMManagedInstanceCore",
            "role": "az2-arm64-br-eks-node-group-20230320085759617700000002"
          },
          "sensitive_attributes": []
        }
      ]
    },
    {
      "mode": "managed",
      "type": "aws_iam_role_policy_attachment",
      "name": "az2_arm64_br_eks_node_group_20230320085759617700000002_policy_AmazonSSMPatchAssociation",
      "provider": "provider[\"registry.terraform.io/hashicorp/aws\"]",
      "instances": [
        {
          "schema_version": 0,
          "attributes": {
            "id": "az2-arm64-br-eks-node-group-20230320085759617700000002/arn:aws:iam::aws:policy/AmazonSSMPatchAssociation",
            "policy_arn": "arn:aws:iam::aws:policy/AmazonSSMPatchAssociation",
            "role": "az2-arm64-br-eks-node-group-20230320085759617700000002"
          },
          "sensitive_attributes": []
        }
      ]
    },
    {
      "mode": "managed",
      "type": "aws_iam_role_policy_attachment",
      "name": "az2_arm64_br_eks_node_group_20230320151316428000000002_policy_AmazonEC2ContainerRegistryReadOnly",
      "provider": "provider[\"registry.terraform.io/hashicorp/aws\"]",
      "instances": [
        {
          "schema_version": 0,
          "attributes": {
            "id": "az2-arm64-br-eks-node-group-20230320151316428000000002/arn:aws:iam::aws:policy/AmazonEC2ContainerRegistryReadOnly",
            "policy_arn": "arn:aws:iam::aws:policy/AmazonEC2ContainerRegistryReadOnly",
            "role": "az2-arm64-br-eks-node-group-20230320151316428000000002"
          },
          "sensitive_attributes": []
        }
      ]
    },
    {
      "mode": "managed",
      "type": "aws_iam_role_policy_attachment",
      "name": "az2_arm64_br_eks_node_group_20230320151316428000000002_policy_AmazonEKSWorkerNodePolicy",
      "provider": "provider[\"registry.terraform.io/hashicorp/aws\"]",
      "instances": [
        {
          "schema_version": 0,
          "attributes": {
            "id": "az2-arm64-br-eks-node-group-20230320151316428000000002/arn:aws:iam::aws:policy/AmazonEKSWorkerNodePolicy",
            "policy_arn": "arn:aws:iam::aws:policy/AmazonEKSWorkerNodePolicy",
            "role": "az2-arm64-br-eks-node-group-20230320151316428000000002"
          },
          "sensitive_attributes": []
        }
      ]
    },
    {
      "mode": "managed",
      "type": "aws_iam_role_policy_attachment",
      "name": "az2_arm64_br_eks_node_group_20230320151316428000000002_policy_AmazonEKS_CNI_Policy",
      "provider": "provider[\"registry.terraform.io/hashicorp/aws\"]",
      "instances": [
        {
          "schema_version": 0,
          "attributes": {
            "id": "az2-arm64-br-eks-node-group-20230320151316428000000002/arn:aws:iam::aws:policy/AmazonEKS_CNI_Policy",
            "policy_arn": "arn:aws:iam::aws:policy/AmazonEKS_CNI_Policy",
            "role": "az2-arm64-br-eks-node-group-20230320151316428000000002"
          },
          "sensitive_attributes": []
        }
      ]
    },
    {
      "mode": "managed",
      "type": "aws_iam_role_policy_attachment",
      "name": "az2_arm64_br_eks_node_group_20230320151316428000000002_policy_AmazonSSMManagedInstanceCore",
      "provider": "provider[\"registry.terraform.io/hashicorp/aws\"]",
      "instances": [
        {
          "schema_version": 0,
          "attributes": {
            "id": "az2-arm64-br-eks-node-group-20230320151316428000000002/arn:aws:iam::aws:policy/AmazonSSMManagedInstanceCore",
            "policy_arn": "arn:aws:iam::aws:policy/AmazonSSMManagedInstanceCore",
            "role": "az2-arm64-br-eks-node-group-20230320151316428000000002"
          },
          "sensitive_attributes": []
        }
      ]
    },
    {
      "mode": "managed",
      "type": "aws_iam_role_policy_attachment",
      "name": "az2_arm64_br_eks_node_group_20230320151316428000000002_policy_AmazonSSMPatchAssociation",
      "provider": "provider[\"registry.terraform.io/hashicorp/aws\"]",
      "instances": [
        {
          "schema_version": 0,
          "attributes": {
            "id": "az2-arm64-br-eks-node-group-20230320151316428000000002/arn:aws:iam::aws:policy/AmazonSSMPatchAssociation",
            "policy_arn": "arn:aws:iam::aws:policy/AmazonSSMPatchAssociation",
            "role": "az2-arm64-br-eks-node-group-20230320151316428000000002"
          },
          "sensitive_attributes": []
        }
      ]
    },
    {
      "mode": "managed",
      "type": "aws_iam_role_policy_attachment",
      "name": "az2_arm64_br_eks_node_group_20230324104144290800000005_policy_AmazonEC2ContainerRegistryReadOnly",
      "provider": "provider[\"registry.terraform.io/hashicorp/aws\"]",
      "instances": [
        {
          "schema_version": 0,
          "attributes": {
            "id": "az2-arm64-br-eks-node-group-20230324104144290800000005/arn:aws:iam::aws:policy/AmazonEC2ContainerRegistryReadOnly",
            "policy_arn": "arn:aws:iam::aws:policy/AmazonEC2ContainerRegistryReadOnly",
            "role": "az2-arm64-br-eks-node-group-20230324104144290800000005"
          },
          "sensitive_attributes": []
        }
      ]
    },
    {
      "mode": "managed",
      "type": "aws_iam_role_policy_attachment",
      "name": "az2_arm64_br_eks_node_group_20230324104144290800000005_policy_AmazonEKSWorkerNodePolicy",
      "provider": "provider[\"registry.terraform.io/hashicorp/aws\"]",
      "instances": [
        {
          "schema_version": 0,
          "attributes": {
            "id": "az2-arm64-br-eks-node-group-20230324104144290800000005/arn:aws:iam::aws:policy/AmazonEKSWorkerNodePolicy",
            "policy_arn": "arn:aws:iam::aws:policy/AmazonEKSWorkerNodePolicy",
            "role": "az2-arm64-br-eks-node-group-20230324104144290800000005"
          },
          "sensitive_attributes": []
        }
      ]
    },
    {
      "mode": "managed",
      "type": "aws_iam_role_policy_attachment",
      "name": "az2_arm64_br_eks_node_group_20230324104144290800000005_policy_AmazonEKS_CNI_Policy",
      "provider": "provider[\"registry.terraform.io/hashicorp/aws\"]",
      "instances": [
        {
          "schema_version": 0,
          "attributes": {
            "id": "az2-arm64-br-eks-node-group-20230324104144290800000005/arn:aws:iam::aws:policy/AmazonEKS_CNI_Policy",
            "policy_arn": "arn:aws:iam::aws:policy/AmazonEKS_CNI_Policy",
            "role": "az2-arm64-br-eks-node-group-20230324104144290800000005"
          },
          "sensitive_attributes": []
        }
      ]
    },
    {
      "mode": "managed",
      "type": "aws_iam_role_policy_attachment",
      "name": "az2_arm64_br_eks_node_group_20230324104144290800000005_policy_AmazonSSMManagedInstanceCore",
      "provider": "provider[\"registry.terraform.io/hashicorp/aws\"]",
      "instances": [
        {
          "schema_version": 0,
          "attributes": {
            "id": "az2-arm64-br-eks-node-group-20230324104144290800000005/arn:aws:iam::aws:policy/AmazonSSMManagedInstanceCore",
            "policy_arn": "arn:aws:iam::aws:policy/AmazonSSMManagedInstanceCore",
            "role": "az2-arm64-br-eks-node-group-20230324104144290800000005"
          },
          "sensitive_attributes": []
        }
      ]
    },
    {
      "mode": "managed",
      "type": "aws_iam_role_policy_attachment",
      "name": "az2_arm64_br_eks_node_group_20230324104144290800000005_policy_AmazonSSMPatchAssociation",
      "provider": "provider[\"registry.terraform.io/hashicorp/aws\"]",
      "instances": [
        {
          "schema_version": 0,
          "attributes": {
            "id": "az2-arm64-br-eks-node-group-20230324104144290800000005/arn:aws:iam::aws:policy/AmazonSSMPatchAssociation",
            "policy_arn": "arn:aws:iam::aws:policy/AmazonSSMPatchAssociation",
            "role": "az2-arm64-br-eks-node-group-20230324104144290800000005"
          },
          "sensitive_attributes": []
        }
      ]
    },
    {
      "mode": "managed",
      "type": "aws_iam_role_policy_attachment",
      "name": "az2_arm64_br_eks_node_group_2023032411460319150000000d_policy_AmazonEC2ContainerRegistryReadOnly",
      "provider": "provider[\"registry.terraform.io/hashicorp/aws\"]",
      "instances": [
        {
          "schema_version": 0,
          "attributes": {
            "id": "az2-arm64-br-eks-node-group-2023032411460319150000000d/arn:aws:iam::aws:policy/AmazonEC2ContainerRegistryReadOnly",
            "policy_arn": "arn:aws:iam::aws:policy/AmazonEC2ContainerRegistryReadOnly",
            "role": "az2-arm64-br-eks-node-group-2023032411460319150000000d"
          },
          "sensitive_attributes": []
        }
      ]
    },
    {
      "mode": "managed",
      "type": "aws_iam_role_policy_attachment",
      "name": "az2_arm64_br_eks_node_group_2023032411460319150000000d_policy_AmazonEKSWorkerNodePolicy",
      "provider": "provider[\"registry.terraform.io/hashicorp/aws\"]",
      "instances": [
        {
          "schema_version": 0,
          "attributes": {
            "id": "az2-arm64-br-eks-node-group-2023032411460319150000000d/arn:aws:iam::aws:policy/AmazonEKSWorkerNodePolicy",
            "policy_arn": "arn:aws:iam::aws:policy/AmazonEKSWorkerNodePolicy",
            "role": "az2-arm64-br-eks-node-group-2023032411460319150000000d"
          },
          "sensitive_attributes": []
        }
      ]
    },
    {
      "mode": "managed",
      "type": "aws_iam_role_policy_attachment",
      "name": "az2_arm64_br_eks_node_group_2023032411460319150000000d_policy_AmazonEKS_CNI_Policy",
      "provider": "provider[\"registry.terraform.io/hashicorp/aws\"]",
      "instances": [
        {
          "schema_version": 0,
          "attributes": {
            "id": "az2-arm64-br-eks-node-group-2023032411460319150000000d/arn:aws:iam::aws:policy/AmazonEKS_CNI_Policy",
            "policy_arn": "arn:aws:iam::aws:policy/AmazonEKS_CNI_Policy",
            "role": "az2-arm64-br-eks-node-group-2023032411460319150000000d"
          },
          "sensitive_attributes": []
        }
      ]
    },
    {
      "mode": "managed",
      "type": "aws_iam_role_policy_attachment",
      "name": "az2_arm64_br_eks_node_group_2023032411460319150000000d_policy_AmazonSSMManagedInstanceCore",
      "provider": "provider[\"registry.terraform.io/hashicorp/aws\"]",
      "instances": [
        {
          "schema_version": 0,
          "attributes": {
            "id": "az2-arm64-br-eks-node-group-2023032411460319150000000d/arn:aws:iam::aws:policy/AmazonSSMManagedInstanceCore",
            "policy_arn": "arn:aws:iam::aws:policy/AmazonSSMManagedInstanceCore",
            "role": "az2-arm64-br-eks-node-group-2023032411460319150000000d"
          },
          "sensitive_attributes": []
        }
      ]
    },
    {
      "mode": "managed",
      "type": "aws_iam_role_policy_attachment",
      "name": "az2_arm64_br_eks_node_group_2023032411460319150000000d_policy_AmazonSSMPatchAssociation",
      "provider": "provider[\"registry.terraform.io/hashicorp/aws\"]",
      "instances": [
        {
          "schema_version": 0,
          "attributes": {
            "id": "az2-arm64-br-eks-node-group-2023032411460319150000000d/arn:aws:iam::aws:policy/AmazonSSMPatchAssociation",
            "policy_arn": "arn:aws:iam::aws:policy/AmazonSSMPatchAssociation",
            "role": "az2-arm64-br-eks-node-group-2023032411460319150000000d"
          },
          "sensitive_attributes": []
        }
      ]
    },
    {
      "mode": "managed",
      "type": "aws_iam_role_policy_attachment",
      "name": "az2_arm64_br_eks_node_group_2023040311534853840000000e_policy_AmazonEC2ContainerRegistryReadOnly",
      "provider": "provider[\"registry.terraform.io/hashicorp/aws\"]",
      "instances": [
        {
          "schema_version": 0,
          "attributes": {
            "id": "az2-arm64-br-eks-node-group-2023040311534853840000000e/arn:aws:iam::aws:policy/AmazonEC2ContainerRegistryReadOnly",
            "policy_arn": "arn:aws:iam::aws:policy/AmazonEC2ContainerRegistryReadOnly",
            "role": "az2-arm64-br-eks-node-group-2023040311534853840000000e"
          },
          "sensitive_attributes": []
        }
      ]
    },
    {
      "mode": "managed",
      "type": "aws_iam_role_policy_attachment",
      "name": "az2_arm64_br_eks_node_group_2023040311534853840000000e_policy_AmazonEKSWorkerNodePolicy",
      "provider": "provider[\"registry.terraform.io/hashicorp/aws\"]",
      "instances": [
        {
          "schema_version": 0,
          "attributes": {
            "id": "az2-arm64-br-eks-node-group-2023040311534853840000000e/arn:aws:iam::aws:policy/AmazonEKSWorkerNodePolicy",
            "policy_arn": "arn:aws:iam::aws:policy/AmazonEKSWorkerNodePolicy",
            "role": "az2-arm64-br-eks-node-group-2023040311534853840000000e"
          },
          "sensitive_attributes": []
        }
      ]
    },
    {
      "mode": "managed",
      "type": "aws_iam_role_policy_attachment",
      "name": "az2_arm64_br_eks_node_group_2023040311534853840000000e_policy_AmazonEKS_CNI_Policy",
      "provider": "provider[\"registry.terraform.io/hashicorp/aws\"]",
      "instances": [
        {
          "schema_version": 0,
          "attributes": {
            "id": "az2-arm64-br-eks-node-group-2023040311534853840000000e/arn:aws:iam::aws:policy/AmazonEKS_CNI_Policy",
            "policy_arn": "arn:aws:iam::aws:policy/AmazonEKS_CNI_Policy",
            "role": "az2-arm64-br-eks-node-group-2023040311534853840000000e"
          },
          "sensitive_attributes": []
        }
      ]
    },
    {
      "mode": "managed",
      "type": "aws_iam_role_policy_attachment",
      "name": "az2_arm64_br_eks_node_group_2023040311534853840000000e_policy_AmazonSSMManagedInstanceCore",
      "provider": "provider[\"registry.terraform.io/hashicorp/aws\"]",
      "instances": [
        {
          "schema_version": 0,
          "attributes": {
            "id": "az2-arm64-br-eks-node-group-2023040311534853840000000e/arn:aws:iam::aws:policy/AmazonSSMManagedInstanceCore",
            "policy_arn": "arn:aws:iam::aws:policy/AmazonSSMManagedInstanceCore",
            "role": "az2-arm64-br-eks-node-group-2023040311534853840000000e"
          },
          "sensitive_attributes": []
        }
      ]
    },
    {
      "mode": "managed",
      "type": "aws_iam_role_policy_attachment",
      "name": "az2_arm64_eks_node_group_20230119111552577000000007_policy_AmazonEC2ContainerRegistryReadOnly",
      "provider": "provider[\"registry.terraform.io/hashicorp/aws\"]",
      "instances": [
        {
          "schema_version": 0,
          "attributes": {
            "id": "az2-arm64-eks-node-group-20230119111552577000000007/arn:aws:iam::aws:policy/AmazonEC2ContainerRegistryReadOnly",
            "policy_arn": "arn:aws:iam::aws:policy/AmazonEC2ContainerRegistryReadOnly",
            "role": "az2-arm64-eks-node-group-20230119111552577000000007"
          },
          "sensitive_attributes": []
        }
      ]
    },
    {
      "mode": "managed",
      "type": "aws_iam_role_policy_attachment",
      "name": "az2_arm64_eks_node_group_20230119111552577000000007_policy_AmazonEKSWorkerNodePolicy",
      "provider": "provider[\"registry.terraform.io/hashicorp/aws\"]",
      "instances": [
        {
          "schema_version": 0,
          "attributes": {
            "id": "az2-arm64-eks-node-group-20230119111552577000000007/arn:aws:iam::aws:policy/AmazonEKSWorkerNodePolicy",
            "policy_arn": "arn:aws:iam::aws:policy/AmazonEKSWorkerNodePolicy",
            "role": "az2-arm64-eks-node-group-20230119111552577000000007"
          },
          "sensitive_attributes": []
        }
      ]
    },
    {
      "mode": "managed",
      "type": "aws_iam_role_policy_attachment",
      "name": "az2_arm64_eks_node_group_20230119111552577000000007_policy_AmazonEKS_CNI_Policy",
      "provider": "provider[\"registry.terraform.io/hashicorp/aws\"]",
      "instances": [
        {
          "schema_version": 0,
          "attributes": {
            "id": "az2-arm64-eks-node-group-20230119111552577000000007/arn:aws:iam::aws:policy/AmazonEKS_CNI_Policy",
            "policy_arn": "arn:aws:iam::aws:policy/AmazonEKS_CNI_Policy",
            "role": "az2-arm64-eks-node-group-20230119111552577000000007"
          },
          "sensitive_attributes": []
        }
      ]
    },
    {
      "mode": "managed",
      "type": "aws_iam_role_policy_attachment",
      "name": "az2_arm64_eks_node_group_20230119111552577000000007_policy_AmazonSSMManagedInstanceCore",
      "provider": "provider[\"registry.terraform.io/hashicorp/aws\"]",
      "instances": [
        {
          "schema_version": 0,
          "attributes": {
            "id": "az2-arm64-eks-node-group-20230119111552577000000007/arn:aws:iam::aws:policy/AmazonSSMManagedInstanceCore",
            "policy_arn": "arn:aws:iam::aws:policy/AmazonSSMManagedInstanceCore",
            "role": "az2-arm64-eks-node-group-20230119111552577000000007"
          },
          "sensitive_attributes": []
        }
      ]
    },
    {
      "mode": "managed",
      "type": "aws_iam_role_policy_attachment",
      "name": "az2_arm64_eks_node_group_20230119111552577000000007_policy_AmazonSSMPatchAssociation",
      "provider": "provider[\"registry.terraform.io/hashicorp/aws\"]",
      "instances": [
        {
          "schema_version": 0,
          "attributes": {
            "id": "az2-arm64-eks-node-group-20230119111552577000000007/arn:aws:iam::aws:policy/AmazonSSMPatchAssociation",
            "policy_arn": "arn:aws:iam::aws:policy/AmazonSSMPatchAssociation",
            "role": "az2-arm64-eks-node-group-20230119111552577000000007"
          },
          "sensitive_attributes": []
        }
      ]
    },
    {
      "mode": "managed",
      "type": "aws_iam_role_policy_attachment",
      "name": "az2_arm64_eks_node_group_20230124155745059900000005_policy_AmazonEC2ContainerRegistryReadOnly",
      "provider": "provider[\"registry.terraform.io/hashicorp/aws\"]",
      "instances": [
        {
          "schema_version": 0,
          "attributes": {
            "id": "az2-arm64-eks-node-group-20230124155745059900000005/arn:aws:iam::aws:policy/AmazonEC2ContainerRegistryReadOnly",
            "policy_arn": "arn:aws:iam::aws:policy/AmazonEC2ContainerRegistryReadOnly",
            "role": "az2-arm64-eks-node-group-20230124155745059900000005"
          },
          "sensitive_attributes": []
        }
      ]
    },
    {
      "mode": "managed",
      "type": "aws_iam_role_policy_attachment",
      "name": "az2_arm64_eks_node_group_20230124155745059900000005_policy_AmazonEKSWorkerNodePolicy",
      "provider": "provider[\"registry.terraform.io/hashicorp/aws\"]",
      "instances": [
        {
          "schema_version": 0,
          "attributes": {
            "id": "az2-arm64-eks-node-group-20230124155745059900000005/arn:aws:iam::aws:policy/AmazonEKSWorkerNodePolicy",
            "policy_arn": "arn:aws:iam::aws:policy/AmazonEKSWorkerNodePolicy",
            "role": "az2-arm64-eks-node-group-20230124155745059900000005"
          },
          "sensitive_attributes": []
        }
      ]
    },
    {
      "mode": "managed",
      "type": "aws_iam_role_policy_attachment",
      "name": "az2_arm64_eks_node_group_20230124155745059900000005_policy_AmazonEKS_CNI_Policy",
      "provider": "provider[\"registry.terraform.io/hashicorp/aws\"]",
      "instances": [
        {
          "schema_version": 0,
          "attributes": {
            "id": "az2-arm64-eks-node-group-20230124155745059900000005/arn:aws:iam::aws:policy/AmazonEKS_CNI_Policy",
            "policy_arn": "arn:aws:iam::aws:policy/AmazonEKS_CNI_Policy",
            "role": "az2-arm64-eks-node-group-20230124155745059900000005"
          },
          "sensitive_attributes": []
        }
      ]
    },
    {
      "mode": "managed",
      "type": "aws_iam_role_policy_attachment",
      "name": "az2_arm64_eks_node_group_2023031716524286450000000d_policy_AmazonEC2ContainerRegistryReadOnly",
      "provider": "provider[\"registry.terraform.io/hashicorp/aws\"]",
      "instances": [
        {
          "schema_version": 0,
          "attributes": {
            "id": "az2-arm64-eks-node-group-2023031716524286450000000d/arn:aws:iam::aws:policy/AmazonEC2ContainerRegistryReadOnly",
            "policy_arn": "arn:aws:iam::aws:policy/AmazonEC2ContainerRegistryReadOnly",
            "role": "az2-arm64-eks-node-group-2023031716524286450000000d"
          },
          "sensitive_attributes": []
        }
      ]
    },
    {
      "mode": "managed",
      "type": "aws_iam_role_policy_attachment",
      "name": "az2_arm64_eks_node_group_2023031716524286450000000d_policy_AmazonEKSWorkerNodePolicy",
      "provider": "provider[\"registry.terraform.io/hashicorp/aws\"]",
      "instances": [
        {
          "schema_version": 0,
          "attributes": {
            "id": "az2-arm64-eks-node-group-2023031716524286450000000d/arn:aws:iam::aws:policy/AmazonEKSWorkerNodePolicy",
            "policy_arn": "arn:aws:iam::aws:policy/AmazonEKSWorkerNodePolicy",
            "role": "az2-arm64-eks-node-group-2023031716524286450000000d"
          },
          "sensitive_attributes": []
        }
      ]
    },
    {
      "mode": "managed",
      "type": "aws_iam_role_policy_attachment",
      "name": "az2_arm64_eks_node_group_2023031716524286450000000d_policy_AmazonEKS_CNI_Policy",
      "provider": "provider[\"registry.terraform.io/hashicorp/aws\"]",
      "instances": [
        {
          "schema_version": 0,
          "attributes": {
            "id": "az2-arm64-eks-node-group-2023031716524286450000000d/arn:aws:iam::aws:policy/AmazonEKS_CNI_Policy",
            "policy_arn": "arn:aws:iam::aws:policy/AmazonEKS_CNI_Policy",
            "role": "az2-arm64-eks-node-group-2023031716524286450000000d"
          },
          "sensitive_attributes": []
        }
      ]
    },
    {
      "mode": "managed",
      "type": "aws_iam_role_policy_attachment",
      "name": "az2_arm64_eks_node_group_20230324104144293600000007_policy_AmazonEC2ContainerRegistryReadOnly",
      "provider": "provider[\"registry.terraform.io/hashicorp/aws\"]",
      "instances": [
        {
          "schema_version": 0,
          "attributes": {
            "id": "az2-arm64-eks-node-group-20230324104144293600000007/arn:aws:iam::aws:policy/AmazonEC2ContainerRegistryReadOnly",
            "policy_arn": "arn:aws:iam::aws:policy/AmazonEC2ContainerRegistryReadOnly",
            "role": "az2-arm64-eks-node-group-20230324104144293600000007"
          },
          "sensitive_attributes": []
        }
      ]
    },
    {
      "mode": "managed",
      "type": "aws_iam_role_policy_attachment",
      "name": "az2_arm64_eks_node_group_20230324104144293600000007_policy_AmazonEKSWorkerNodePolicy",
      "provider": "provider[\"registry.terraform.io/hashicorp/aws\"]",
      "instances": [
        {
          "schema_version": 0,
          "attributes": {
            "id": "az2-arm64-eks-node-group-20230324104144293600000007/arn:aws:iam::aws:policy/AmazonEKSWorkerNodePolicy",
            "policy_arn": "arn:aws:iam::aws:policy/AmazonEKSWorkerNodePolicy",
            "role": "az2-arm64-eks-node-group-20230324104144293600000007"
          },
          "sensitive_attributes": []
        }
      ]
    },
    {
      "mode": "managed",
      "type": "aws_iam_role_policy_attachment",
      "name": "az2_arm64_eks_node_group_20230324104144293600000007_policy_AmazonEKS_CNI_Policy",
      "provider": "provider[\"registry.terraform.io/hashicorp/aws\"]",
      "instances": [
        {
          "schema_version": 0,
          "attributes": {
            "id": "az2-arm64-eks-node-group-20230324104144293600000007/arn:aws:iam::aws:policy/AmazonEKS_CNI_Policy",
            "policy_arn": "arn:aws:iam::aws:policy/AmazonEKS_CNI_Policy",
            "role": "az2-arm64-eks-node-group-20230324104144293600000007"
          },
          "sensitive_attributes": []
        }
      ]
    },
    {
      "mode": "managed",
      "type": "aws_iam_role_policy_attachment",
      "name": "az2_arm64_eks_node_group_2023032411460269400000000c_policy_AmazonEC2ContainerRegistryReadOnly",
      "provider": "provider[\"registry.terraform.io/hashicorp/aws\"]",
      "instances": [
        {
          "schema_version": 0,
          "attributes": {
            "id": "az2-arm64-eks-node-group-2023032411460269400000000c/arn:aws:iam::aws:policy/AmazonEC2ContainerRegistryReadOnly",
            "policy_arn": "arn:aws:iam::aws:policy/AmazonEC2ContainerRegistryReadOnly",
            "role": "az2-arm64-eks-node-group-2023032411460269400000000c"
          },
          "sensitive_attributes": []
        }
      ]
    },
    {
      "mode": "managed",
      "type": "aws_iam_role_policy_attachment",
      "name": "az2_arm64_eks_node_group_2023032411460269400000000c_policy_AmazonEKSWorkerNodePolicy",
      "provider": "provider[\"registry.terraform.io/hashicorp/aws\"]",
      "instances": [
        {
          "schema_version": 0,
          "attributes": {
            "id": "az2-arm64-eks-node-group-2023032411460269400000000c/arn:aws:iam::aws:policy/AmazonEKSWorkerNodePolicy",
            "policy_arn": "arn:aws:iam::aws:policy/AmazonEKSWorkerNodePolicy",
            "role": "az2-arm64-eks-node-group-2023032411460269400000000c"
          },
          "sensitive_attributes": []
        }
      ]
    },
    {
      "mode": "managed",
      "type": "aws_iam_role_policy_attachment",
      "name": "az2_arm64_eks_node_group_2023032411460269400000000c_policy_AmazonEKS_CNI_Policy",
      "provider": "provider[\"registry.terraform.io/hashicorp/aws\"]",
      "instances": [
        {
          "schema_version": 0,
          "attributes": {
            "id": "az2-arm64-eks-node-group-2023032411460269400000000c/arn:aws:iam::aws:policy/AmazonEKS_CNI_Policy",
            "policy_arn": "arn:aws:iam::aws:policy/AmazonEKS_CNI_Policy",
            "role": "az2-arm64-eks-node-group-2023032411460269400000000c"
          },
          "sensitive_attributes": []
        }
      ]
    },
    {
      "mode": "managed",
      "type": "aws_iam_role_policy_attachment",
      "name": "az2_arm64_eks_node_group_20230403115348557700000010_policy_AmazonEC2ContainerRegistryReadOnly",
      "provider": "provider[\"registry.terraform.io/hashicorp/aws\"]",
      "instances": [
        {
          "schema_version": 0,
          "attributes": {
            "id": "az2-arm64-eks-node-group-20230403115348557700000010/arn:aws:iam::aws:policy/AmazonEC2ContainerRegistryReadOnly",
            "policy_arn": "arn:aws:iam::aws:policy/AmazonEC2ContainerRegistryReadOnly",
            "role": "az2-arm64-eks-node-group-20230403115348557700000010"
          },
          "sensitive_attributes": []
        }
      ]
    },
    {
      "mode": "managed",
      "type": "aws_iam_role_policy_attachment",
      "name": "az2_arm64_eks_node_group_20230403115348557700000010_policy_AmazonEKSWorkerNodePolicy",
      "provider": "provider[\"registry.terraform.io/hashicorp/aws\"]",
      "instances": [
        {
          "schema_version": 0,
          "attributes": {
            "id": "az2-arm64-eks-node-group-20230403115348557700000010/arn:aws:iam::aws:policy/AmazonEKSWorkerNodePolicy",
            "policy_arn": "arn:aws:iam::aws:policy/AmazonEKSWorkerNodePolicy",
            "role": "az2-arm64-eks-node-group-20230403115348557700000010"
          },
          "sensitive_attributes": []
        }
      ]
    },
    {
      "mode": "managed",
      "type": "aws_iam_role_policy_attachment",
      "name": "az2_arm64_eks_node_group_20230403115348557700000010_policy_AmazonEKS_CNI_Policy",
      "provider": "provider[\"registry.terraform.io/hashicorp/aws\"]",
      "instances": [
        {
          "schema_version": 0,
          "attributes": {
            "id": "az2-arm64-eks-node-group-20230403115348557700000010/arn:aws:iam::aws:policy/AmazonEKS_CNI_Policy",
            "policy_arn": "arn:aws:iam::aws:policy/AmazonEKS_CNI_Policy",
            "role": "az2-arm64-eks-node-group-20230403115348557700000010"
          },
          "sensitive_attributes": []
        }
      ]
    },
    {
      "mode": "managed",
      "type": "aws_iam_role_policy_attachment",
      "name": "az3_4xlarge_eks_node_group_20220818161915283400000007_policy_AmazonEC2ContainerRegistryReadOnly",
      "provider": "provider[\"registry.terraform.io/hashicorp/aws\"]",
      "instances": [
        {
          "schema_version": 0,
          "attributes": {
            "id": "az3-4xlarge-eks-node-group-20220818161915283400000007/arn:aws:iam::aws:policy/AmazonEC2ContainerRegistryReadOnly",
            "policy_arn": "arn:aws:iam::aws:policy/AmazonEC2ContainerRegistryReadOnly",
            "role": "az3-4xlarge-eks-node-group-20220818161915283400000007"
          },
          "sensitive_attributes": []
        }
      ]
    },
    {
      "mode": "managed",
      "type": "aws_iam_role_policy_attachment",
      "name": "az3_4xlarge_eks_node_group_20220818161915283400000007_policy_AmazonEKSWorkerNodePolicy",
      "provider": "provider[\"registry.terraform.io/hashicorp/aws\"]",
      "instances": [
        {
          "schema_version": 0,
          "attributes": {
            "id": "az3-4xlarge-eks-node-group-20220818161915283400000007/arn:aws:iam::aws:policy/AmazonEKSWorkerNodePolicy",
            "policy_arn": "arn:aws:iam::aws:policy/AmazonEKSWorkerNodePolicy",
            "role": "az3-4xlarge-eks-node-group-20220818161915283400000007"
          },
          "sensitive_attributes": []
        }
      ]
    },
    {
      "mode": "managed",
      "type": "aws_iam_role_policy_attachment",
      "name": "az3_4xlarge_eks_node_group_20220818161915283400000007_policy_AmazonEKS_CNI_Policy",
      "provider": "provider[\"registry.terraform.io/hashicorp/aws\"]",
      "instances": [
        {
          "schema_version": 0,
          "attributes": {
            "id": "az3-4xlarge-eks-node-group-20220818161915283400000007/arn:aws:iam::aws:policy/AmazonEKS_CNI_Policy",
            "policy_arn": "arn:aws:iam::aws:policy/AmazonEKS_CNI_Policy",
            "role": "az3-4xlarge-eks-node-group-20220818161915283400000007"
          },
          "sensitive_attributes": []
        }
      ]
    },
    {
      "mode": "managed",
      "type": "aws_iam_role_policy_attachment",
      "name": "az3_4xlarge_eks_node_group_20220823125548120400000008_policy_AmazonEC2ContainerRegistryReadOnly",
      "provider": "provider[\"registry.terraform.io/hashicorp/aws\"]",
      "instances": [
        {
          "schema_version": 0,
          "attributes": {
            "id": "az3-4xlarge-eks-node-group-20220823125548120400000008/arn:aws:iam::aws:policy/AmazonEC2ContainerRegistryReadOnly",
            "policy_arn": "arn:aws:iam::aws:policy/AmazonEC2ContainerRegistryReadOnly",
            "role": "az3-4xlarge-eks-node-group-20220823125548120400000008"
          },
          "sensitive_attributes": []
        }
      ]
    },
    {
      "mode": "managed",
      "type": "aws_iam_role_policy_attachment",
      "name": "az3_4xlarge_eks_node_group_20220823125548120400000008_policy_AmazonEKSWorkerNodePolicy",
      "provider": "provider[\"registry.terraform.io/hashicorp/aws\"]",
      "instances": [
        {
          "schema_version": 0,
          "attributes": {
            "id": "az3-4xlarge-eks-node-group-20220823125548120400000008/arn:aws:iam::aws:policy/AmazonEKSWorkerNodePolicy",
            "policy_arn": "arn:aws:iam::aws:policy/AmazonEKSWorkerNodePolicy",
            "role": "az3-4xlarge-eks-node-group-20220823125548120400000008"
          },
          "sensitive_attributes": []
        }
      ]
    },
    {
      "mode": "managed",
      "type": "aws_iam_role_policy_attachment",
      "name": "az3_4xlarge_eks_node_group_20220823125548120400000008_policy_AmazonEKS_CNI_Policy",
      "provider": "provider[\"registry.terraform.io/hashicorp/aws\"]",
      "instances": [
        {
          "schema_version": 0,
          "attributes": {
            "id": "az3-4xlarge-eks-node-group-20220823125548120400000008/arn:aws:iam::aws:policy/AmazonEKS_CNI_Policy",
            "policy_arn": "arn:aws:iam::aws:policy/AmazonEKS_CNI_Policy",
            "role": "az3-4xlarge-eks-node-group-20220823125548120400000008"
          },
          "sensitive_attributes": []
        }
      ]
    },
    {
      "mode": "managed",
      "type": "aws_iam_role_policy_attachment",
      "name": "az3_4xlarge_eks_node_group_20220823125548120400000008_policy_AmazonSSMManagedInstanceCore",
      "provider": "provider[\"registry.terraform.io/hashicorp/aws\"]",
      "instances": [
        {
          "schema_version": 0,
          "attributes": {
            "id": "az3-4xlarge-eks-node-group-20220823125548120400000008/arn:aws:iam::aws:policy/AmazonSSMManagedInstanceCore",
            "policy_arn": "arn:aws:iam::aws:policy/AmazonSSMManagedInstanceCore",
            "role": "az3-4xlarge-eks-node-group-20220823125548120400000008"
          },
          "sensitive_attributes": []
        }
      ]
    },
    {
      "mode": "managed",
      "type": "aws_iam_role_policy_attachment",
      "name": "az3_4xlarge_eks_node_group_20220823125548120400000008_policy_AmazonSSMPatchAssociation",
      "provider": "provider[\"registry.terraform.io/hashicorp/aws\"]",
      "instances": [
        {
          "schema_version": 0,
          "attributes": {
            "id": "az3-4xlarge-eks-node-group-20220823125548120400000008/arn:aws:iam::aws:policy/AmazonSSMPatchAssociation",
            "policy_arn": "arn:aws:iam::aws:policy/AmazonSSMPatchAssociation",
            "role": "az3-4xlarge-eks-node-group-20220823125548120400000008"
          },
          "sensitive_attributes": []
        }
      ]
    },
    {
      "mode": "managed",
      "type": "aws_iam_role_policy_attachment",
      "name": "az3_4xlarge_eks_node_group_20221020153002486900000008_policy_AmazonEC2ContainerRegistryReadOnly",
      "provider": "provider[\"registry.terraform.io/hashicorp/aws\"]",
      "instances": [
        {
          "schema_version": 0,
          "attributes": {
            "id": "az3-4xlarge-eks-node-group-20221020153002486900000008/arn:aws:iam::aws:policy/AmazonEC2ContainerRegistryReadOnly",
            "policy_arn": "arn:aws:iam::aws:policy/AmazonEC2ContainerRegistryReadOnly",
            "role": "az3-4xlarge-eks-node-group-20221020153002486900000008"
          },
          "sensitive_attributes": []
        }
      ]
    },
    {
      "mode": "managed",
      "type": "aws_iam_role_policy_attachment",
      "name": "az3_4xlarge_eks_node_group_20221020153002486900000008_policy_AmazonEKSWorkerNodePolicy",
      "provider": "provider[\"registry.terraform.io/hashicorp/aws\"]",
      "instances": [
        {
          "schema_version": 0,
          "attributes": {
            "id": "az3-4xlarge-eks-node-group-20221020153002486900000008/arn:aws:iam::aws:policy/AmazonEKSWorkerNodePolicy",
            "policy_arn": "arn:aws:iam::aws:policy/AmazonEKSWorkerNodePolicy",
            "role": "az3-4xlarge-eks-node-group-20221020153002486900000008"
          },
          "sensitive_attributes": []
        }
      ]
    },
    {
      "mode": "managed",
      "type": "aws_iam_role_policy_attachment",
      "name": "az3_4xlarge_eks_node_group_20221020153002486900000008_policy_AmazonEKS_CNI_Policy",
      "provider": "provider[\"registry.terraform.io/hashicorp/aws\"]",
      "instances": [
        {
          "schema_version": 0,
          "attributes": {
            "id": "az3-4xlarge-eks-node-group-20221020153002486900000008/arn:aws:iam::aws:policy/AmazonEKS_CNI_Policy",
            "policy_arn": "arn:aws:iam::aws:policy/AmazonEKS_CNI_Policy",
            "role": "az3-4xlarge-eks-node-group-20221020153002486900000008"
          },
          "sensitive_attributes": []
        }
      ]
    },
    {
      "mode": "managed",
      "type": "aws_iam_role_policy_attachment",
      "name": "az3_4xlarge_eks_node_group_20221102203256987300000004_policy_AmazonEC2ContainerRegistryReadOnly",
      "provider": "provider[\"registry.terraform.io/hashicorp/aws\"]",
      "instances": [
        {
          "schema_version": 0,
          "attributes": {
            "id": "az3-4xlarge-eks-node-group-20221102203256987300000004/arn:aws:iam::aws:policy/AmazonEC2ContainerRegistryReadOnly",
            "policy_arn": "arn:aws:iam::aws:policy/AmazonEC2ContainerRegistryReadOnly",
            "role": "az3-4xlarge-eks-node-group-20221102203256987300000004"
          },
          "sensitive_attributes": []
        }
      ]
    },
    {
      "mode": "managed",
      "type": "aws_iam_role_policy_attachment",
      "name": "az3_4xlarge_eks_node_group_20221102203256987300000004_policy_AmazonEKSWorkerNodePolicy",
      "provider": "provider[\"registry.terraform.io/hashicorp/aws\"]",
      "instances": [
        {
          "schema_version": 0,
          "attributes": {
            "id": "az3-4xlarge-eks-node-group-20221102203256987300000004/arn:aws:iam::aws:policy/AmazonEKSWorkerNodePolicy",
            "policy_arn": "arn:aws:iam::aws:policy/AmazonEKSWorkerNodePolicy",
            "role": "az3-4xlarge-eks-node-group-20221102203256987300000004"
          },
          "sensitive_attributes": []
        }
      ]
    },
    {
      "mode": "managed",
      "type": "aws_iam_role_policy_attachment",
      "name": "az3_4xlarge_eks_node_group_20221102203256987300000004_policy_AmazonEKS_CNI_Policy",
      "provider": "provider[\"registry.terraform.io/hashicorp/aws\"]",
      "instances": [
        {
          "schema_version": 0,
          "attributes": {
            "id": "az3-4xlarge-eks-node-group-20221102203256987300000004/arn:aws:iam::aws:policy/AmazonEKS_CNI_Policy",
            "policy_arn": "arn:aws:iam::aws:policy/AmazonEKS_CNI_Policy",
            "role": "az3-4xlarge-eks-node-group-20221102203256987300000004"
          },
          "sensitive_attributes": []
        }
      ]
    },
    {
      "mode": "managed",
      "type": "aws_iam_role_policy_attachment",
      "name": "az3_4xlarge_eks_node_group_20221110172120392000000009_policy_AmazonEC2ContainerRegistryReadOnly",
      "provider": "provider[\"registry.terraform.io/hashicorp/aws\"]",
      "instances": [
        {
          "schema_version": 0,
          "attributes": {
            "id": "az3-4xlarge-eks-node-group-20221110172120392000000009/arn:aws:iam::aws:policy/AmazonEC2ContainerRegistryReadOnly",
            "policy_arn": "arn:aws:iam::aws:policy/AmazonEC2ContainerRegistryReadOnly",
            "role": "az3-4xlarge-eks-node-group-20221110172120392000000009"
          },
          "sensitive_attributes": []
        }
      ]
    },
    {
      "mode": "managed",
      "type": "aws_iam_role_policy_attachment",
      "name": "az3_4xlarge_eks_node_group_20221110172120392000000009_policy_AmazonEKSWorkerNodePolicy",
      "provider": "provider[\"registry.terraform.io/hashicorp/aws\"]",
      "instances": [
        {
          "schema_version": 0,
          "attributes": {
            "id": "az3-4xlarge-eks-node-group-20221110172120392000000009/arn:aws:iam::aws:policy/AmazonEKSWorkerNodePolicy",
            "policy_arn": "arn:aws:iam::aws:policy/AmazonEKSWorkerNodePolicy",
            "role": "az3-4xlarge-eks-node-group-20221110172120392000000009"
          },
          "sensitive_attributes": []
        }
      ]
    },
    {
      "mode": "managed",
      "type": "aws_iam_role_policy_attachment",
      "name": "az3_4xlarge_eks_node_group_20221110172120392000000009_policy_AmazonEKS_CNI_Policy",
      "provider": "provider[\"registry.terraform.io/hashicorp/aws\"]",
      "instances": [
        {
          "schema_version": 0,
          "attributes": {
            "id": "az3-4xlarge-eks-node-group-20221110172120392000000009/arn:aws:iam::aws:policy/AmazonEKS_CNI_Policy",
            "policy_arn": "arn:aws:iam::aws:policy/AmazonEKS_CNI_Policy",
            "role": "az3-4xlarge-eks-node-group-20221110172120392000000009"
          },
          "sensitive_attributes": []
        }
      ]
    },
    {
      "mode": "managed",
      "type": "aws_iam_role_policy_attachment",
      "name": "az3_4xlarge_eks_node_group_20230124155745058300000004_policy_AmazonEC2ContainerRegistryReadOnly",
      "provider": "provider[\"registry.terraform.io/hashicorp/aws\"]",
      "instances": [
        {
          "schema_version": 0,
          "attributes": {
            "id": "az3-4xlarge-eks-node-group-20230124155745058300000004/arn:aws:iam::aws:policy/AmazonEC2ContainerRegistryReadOnly",
            "policy_arn": "arn:aws:iam::aws:policy/AmazonEC2ContainerRegistryReadOnly",
            "role": "az3-4xlarge-eks-node-group-20230124155745058300000004"
          },
          "sensitive_attributes": []
        }
      ]
    },
    {
      "mode": "managed",
      "type": "aws_iam_role_policy_attachment",
      "name": "az3_4xlarge_eks_node_group_20230124155745058300000004_policy_AmazonEKSWorkerNodePolicy",
      "provider": "provider[\"registry.terraform.io/hashicorp/aws\"]",
      "instances": [
        {
          "schema_version": 0,
          "attributes": {
            "id": "az3-4xlarge-eks-node-group-20230124155745058300000004/arn:aws:iam::aws:policy/AmazonEKSWorkerNodePolicy",
            "policy_arn": "arn:aws:iam::aws:policy/AmazonEKSWorkerNodePolicy",
            "role": "az3-4xlarge-eks-node-group-20230124155745058300000004"
          },
          "sensitive_attributes": []
        }
      ]
    },
    {
      "mode": "managed",
      "type": "aws_iam_role_policy_attachment",
      "name": "az3_4xlarge_eks_node_group_20230124155745058300000004_policy_AmazonEKS_CNI_Policy",
      "provider": "provider[\"registry.terraform.io/hashicorp/aws\"]",
      "instances": [
        {
          "schema_version": 0,
          "attributes": {
            "id": "az3-4xlarge-eks-node-group-20230124155745058300000004/arn:aws:iam::aws:policy/AmazonEKS_CNI_Policy",
            "policy_arn": "arn:aws:iam::aws:policy/AmazonEKS_CNI_Policy",
            "role": "az3-4xlarge-eks-node-group-20230124155745058300000004"
          },
          "sensitive_attributes": []
        }
      ]
    },
    {
      "mode": "managed",
      "type": "aws_iam_role_policy_attachment",
      "name": "az3_4xlarge_eks_node_group_20230124155745058300000004_policy_AmazonSSMManagedInstanceCore",
      "provider": "provider[\"registry.terraform.io/hashicorp/aws\"]",
      "instances": [
        {
          "schema_version": 0,
          "attributes": {
            "id": "az3-4xlarge-eks-node-group-20230124155745058300000004/arn:aws:iam::aws:policy/AmazonSSMManagedInstanceCore",
            "policy_arn": "arn:aws:iam::aws:policy/AmazonSSMManagedInstanceCore",
            "role": "az3-4xlarge-eks-node-group-20230124155745058300000004"
          },
          "sensitive_attributes": []
        }
      ]
    },
    {
      "mode": "managed",
      "type": "aws_iam_role_policy_attachment",
      "name": "az3_4xlarge_eks_node_group_20230124155745058300000004_policy_AmazonSSMPatchAssociation",
      "provider": "provider[\"registry.terraform.io/hashicorp/aws\"]",
      "instances": [
        {
          "schema_version": 0,
          "attributes": {
            "id": "az3-4xlarge-eks-node-group-20230124155745058300000004/arn:aws:iam::aws:policy/AmazonSSMPatchAssociation",
            "policy_arn": "arn:aws:iam::aws:policy/AmazonSSMPatchAssociation",
            "role": "az3-4xlarge-eks-node-group-20230124155745058300000004"
          },
          "sensitive_attributes": []
        }
      ]
    },
    {
      "mode": "managed",
      "type": "aws_iam_role_policy_attachment",
      "name": "az3_4xlarge_eks_node_group_2023031716524301070000000f_policy_AmazonEC2ContainerRegistryReadOnly",
      "provider": "provider[\"registry.terraform.io/hashicorp/aws\"]",
      "instances": [
        {
          "schema_version": 0,
          "attributes": {
            "id": "az3-4xlarge-eks-node-group-2023031716524301070000000f/arn:aws:iam::aws:policy/AmazonEC2ContainerRegistryReadOnly",
            "policy_arn": "arn:aws:iam::aws:policy/AmazonEC2ContainerRegistryReadOnly",
            "role": "az3-4xlarge-eks-node-group-2023031716524301070000000f"
          },
          "sensitive_attributes": []
        }
      ]
    },
    {
      "mode": "managed",
      "type": "aws_iam_role_policy_attachment",
      "name": "az3_4xlarge_eks_node_group_2023031716524301070000000f_policy_AmazonEKSWorkerNodePolicy",
      "provider": "provider[\"registry.terraform.io/hashicorp/aws\"]",
      "instances": [
        {
          "schema_version": 0,
          "attributes": {
            "id": "az3-4xlarge-eks-node-group-2023031716524301070000000f/arn:aws:iam::aws:policy/AmazonEKSWorkerNodePolicy",
            "policy_arn": "arn:aws:iam::aws:policy/AmazonEKSWorkerNodePolicy",
            "role": "az3-4xlarge-eks-node-group-2023031716524301070000000f"
          },
          "sensitive_attributes": []
        }
      ]
    },
    {
      "mode": "managed",
      "type": "aws_iam_role_policy_attachment",
      "name": "az3_4xlarge_eks_node_group_2023031716524301070000000f_policy_AmazonEKS_CNI_Policy",
      "provider": "provider[\"registry.terraform.io/hashicorp/aws\"]",
      "instances": [
        {
          "schema_version": 0,
          "attributes": {
            "id": "az3-4xlarge-eks-node-group-2023031716524301070000000f/arn:aws:iam::aws:policy/AmazonEKS_CNI_Policy",
            "policy_arn": "arn:aws:iam::aws:policy/AmazonEKS_CNI_Policy",
            "role": "az3-4xlarge-eks-node-group-2023031716524301070000000f"
          },
          "sensitive_attributes": []
        }
      ]
    },
    {
      "mode": "managed",
      "type": "aws_iam_role_policy_attachment",
      "name": "az3_4xlarge_eks_node_group_2023032410414490570000000b_policy_AmazonEC2ContainerRegistryReadOnly",
      "provider": "provider[\"registry.terraform.io/hashicorp/aws\"]",
      "instances": [
        {
          "schema_version": 0,
          "attributes": {
            "id": "az3-4xlarge-eks-node-group-2023032410414490570000000b/arn:aws:iam::aws:policy/AmazonEC2ContainerRegistryReadOnly",
            "policy_arn": "arn:aws:iam::aws:policy/AmazonEC2ContainerRegistryReadOnly",
            "role": "az3-4xlarge-eks-node-group-2023032410414490570000000b"
          },
          "sensitive_attributes": []
        }
      ]
    },
    {
      "mode": "managed",
      "type": "aws_iam_role_policy_attachment",
      "name": "az3_4xlarge_eks_node_group_2023032410414490570000000b_policy_AmazonEKSWorkerNodePolicy",
      "provider": "provider[\"registry.terraform.io/hashicorp/aws\"]",
      "instances": [
        {
          "schema_version": 0,
          "attributes": {
            "id": "az3-4xlarge-eks-node-group-2023032410414490570000000b/arn:aws:iam::aws:policy/AmazonEKSWorkerNodePolicy",
            "policy_arn": "arn:aws:iam::aws:policy/AmazonEKSWorkerNodePolicy",
            "role": "az3-4xlarge-eks-node-group-2023032410414490570000000b"
          },
          "sensitive_attributes": []
        }
      ]
    },
    {
      "mode": "managed",
      "type": "aws_iam_role_policy_attachment",
      "name": "az3_4xlarge_eks_node_group_2023032410414490570000000b_policy_AmazonEKS_CNI_Policy",
      "provider": "provider[\"registry.terraform.io/hashicorp/aws\"]",
      "instances": [
        {
          "schema_version": 0,
          "attributes": {
            "id": "az3-4xlarge-eks-node-group-2023032410414490570000000b/arn:aws:iam::aws:policy/AmazonEKS_CNI_Policy",
            "policy_arn": "arn:aws:iam::aws:policy/AmazonEKS_CNI_Policy",
            "role": "az3-4xlarge-eks-node-group-2023032410414490570000000b"
          },
          "sensitive_attributes": []
        }
      ]
    },
    {
      "mode": "managed",
      "type": "aws_iam_role_policy_attachment",
      "name": "az3_4xlarge_eks_node_group_2023032411460362100000000f_policy_AmazonEC2ContainerRegistryReadOnly",
      "provider": "provider[\"registry.terraform.io/hashicorp/aws\"]",
      "instances": [
        {
          "schema_version": 0,
          "attributes": {
            "id": "az3-4xlarge-eks-node-group-2023032411460362100000000f/arn:aws:iam::aws:policy/AmazonEC2ContainerRegistryReadOnly",
            "policy_arn": "arn:aws:iam::aws:policy/AmazonEC2ContainerRegistryReadOnly",
            "role": "az3-4xlarge-eks-node-group-2023032411460362100000000f"
          },
          "sensitive_attributes": []
        }
      ]
    },
    {
      "mode": "managed",
      "type": "aws_iam_role_policy_attachment",
      "name": "az3_4xlarge_eks_node_group_2023032411460362100000000f_policy_AmazonEKSWorkerNodePolicy",
      "provider": "provider[\"registry.terraform.io/hashicorp/aws\"]",
      "instances": [
        {
          "schema_version": 0,
          "attributes": {
            "id": "az3-4xlarge-eks-node-group-2023032411460362100000000f/arn:aws:iam::aws:policy/AmazonEKSWorkerNodePolicy",
            "policy_arn": "arn:aws:iam::aws:policy/AmazonEKSWorkerNodePolicy",
            "role": "az3-4xlarge-eks-node-group-2023032411460362100000000f"
          },
          "sensitive_attributes": []
        }
      ]
    },
    {
      "mode": "managed",
      "type": "aws_iam_role_policy_attachment",
      "name": "az3_4xlarge_eks_node_group_2023032411460362100000000f_policy_AmazonEKS_CNI_Policy",
      "provider": "provider[\"registry.terraform.io/hashicorp/aws\"]",
      "instances": [
        {
          "schema_version": 0,
          "attributes": {
            "id": "az3-4xlarge-eks-node-group-2023032411460362100000000f/arn:aws:iam::aws:policy/AmazonEKS_CNI_Policy",
            "policy_arn": "arn:aws:iam::aws:policy/AmazonEKS_CNI_Policy",
            "role": "az3-4xlarge-eks-node-group-2023032411460362100000000f"
          },
          "sensitive_attributes": []
        }
      ]
    },
    {
      "mode": "managed",
      "type": "aws_iam_role_policy_attachment",
      "name": "az3_4xlarge_eks_node_group_2023040311534820340000000d_policy_AmazonEC2ContainerRegistryReadOnly",
      "provider": "provider[\"registry.terraform.io/hashicorp/aws\"]",
      "instances": [
        {
          "schema_version": 0,
          "attributes": {
            "id": "az3-4xlarge-eks-node-group-2023040311534820340000000d/arn:aws:iam::aws:policy/AmazonEC2ContainerRegistryReadOnly",
            "policy_arn": "arn:aws:iam::aws:policy/AmazonEC2ContainerRegistryReadOnly",
            "role": "az3-4xlarge-eks-node-group-2023040311534820340000000d"
          },
          "sensitive_attributes": []
        }
      ]
    },
    {
      "mode": "managed",
      "type": "aws_iam_role_policy_attachment",
      "name": "az3_4xlarge_eks_node_group_2023040311534820340000000d_policy_AmazonEKSWorkerNodePolicy",
      "provider": "provider[\"registry.terraform.io/hashicorp/aws\"]",
      "instances": [
        {
          "schema_version": 0,
          "attributes": {
            "id": "az3-4xlarge-eks-node-group-2023040311534820340000000d/arn:aws:iam::aws:policy/AmazonEKSWorkerNodePolicy",
            "policy_arn": "arn:aws:iam::aws:policy/AmazonEKSWorkerNodePolicy",
            "role": "az3-4xlarge-eks-node-group-2023040311534820340000000d"
          },
          "sensitive_attributes": []
        }
      ]
    },
    {
      "mode": "managed",
      "type": "aws_iam_role_policy_attachment",
      "name": "az3_4xlarge_eks_node_group_2023040311534820340000000d_policy_AmazonEKS_CNI_Policy",
      "provider": "provider[\"registry.terraform.io/hashicorp/aws\"]",
      "instances": [
        {
          "schema_version": 0,
          "attributes": {
            "id": "az3-4xlarge-eks-node-group-2023040311534820340000000d/arn:aws:iam::aws:policy/AmazonEKS_CNI_Policy",
            "policy_arn": "arn:aws:iam::aws:policy/AmazonEKS_CNI_Policy",
            "role": "az3-4xlarge-eks-node-group-2023040311534820340000000d"
          },
          "sensitive_attributes": []
        }
      ]
    },
    {
      "mode": "managed",
      "type": "aws_iam_role_policy_attachment",
      "name": "az3_arm64_eks_node_group_20230119111552912300000009_policy_AmazonEC2ContainerRegistryReadOnly",
      "provider": "provider[\"registry.terraform.io/hashicorp/aws\"]",
      "instances": [
        {
          "schema_version": 0,
          "attributes": {
            "id": "az3-arm64-eks-node-group-20230119111552912300000009/arn:aws:iam::aws:policy/AmazonEC2ContainerRegistryReadOnly",
            "policy_arn": "arn:aws:iam::aws:policy/AmazonEC2ContainerRegistryReadOnly",
            "role": "az3-arm64-eks-node-group-20230119111552912300000009"
          },
          "sensitive_attributes": []
        }
      ]
    },
    {
      "mode": "managed",
      "type": "aws_iam_role_policy_attachment",
      "name": "az3_arm64_eks_node_group_20230119111552912300000009_policy_AmazonEKSWorkerNodePolicy",
      "provider": "provider[\"registry.terraform.io/hashicorp/aws\"]",
      "instances": [
        {
          "schema_version": 0,
          "attributes": {
            "id": "az3-arm64-eks-node-group-20230119111552912300000009/arn:aws:iam::aws:policy/AmazonEKSWorkerNodePolicy",
            "policy_arn": "arn:aws:iam::aws:policy/AmazonEKSWorkerNodePolicy",
            "role": "az3-arm64-eks-node-group-20230119111552912300000009"
          },
          "sensitive_attributes": []
        }
      ]
    },
    {
      "mode": "managed",
      "type": "aws_iam_role_policy_attachment",
      "name": "az3_arm64_eks_node_group_20230119111552912300000009_policy_AmazonEKS_CNI_Policy",
      "provider": "provider[\"registry.terraform.io/hashicorp/aws\"]",
      "instances": [
        {
          "schema_version": 0,
          "attributes": {
            "id": "az3-arm64-eks-node-group-20230119111552912300000009/arn:aws:iam::aws:policy/AmazonEKS_CNI_Policy",
            "policy_arn": "arn:aws:iam::aws:policy/AmazonEKS_CNI_Policy",
            "role": "az3-arm64-eks-node-group-20230119111552912300000009"
          },
          "sensitive_attributes": []
        }
      ]
    },
    {
      "mode": "managed",
      "type": "aws_iam_role_policy_attachment",
      "name": "az3_arm64_eks_node_group_20230119111552912300000009_policy_AmazonSSMManagedInstanceCore",
      "provider": "provider[\"registry.terraform.io/hashicorp/aws\"]",
      "instances": [
        {
          "schema_version": 0,
          "attributes": {
            "id": "az3-arm64-eks-node-group-20230119111552912300000009/arn:aws:iam::aws:policy/AmazonSSMManagedInstanceCore",
            "policy_arn": "arn:aws:iam::aws:policy/AmazonSSMManagedInstanceCore",
            "role": "az3-arm64-eks-node-group-20230119111552912300000009"
          },
          "sensitive_attributes": []
        }
      ]
    },
    {
      "mode": "managed",
      "type": "aws_iam_role_policy_attachment",
      "name": "az3_arm64_eks_node_group_20230119111552912300000009_policy_AmazonSSMPatchAssociation",
      "provider": "provider[\"registry.terraform.io/hashicorp/aws\"]",
      "instances": [
        {
          "schema_version": 0,
          "attributes": {
            "id": "az3-arm64-eks-node-group-20230119111552912300000009/arn:aws:iam::aws:policy/AmazonSSMPatchAssociation",
            "policy_arn": "arn:aws:iam::aws:policy/AmazonSSMPatchAssociation",
            "role": "az3-arm64-eks-node-group-20230119111552912300000009"
          },
          "sensitive_attributes": []
        }
      ]
    },
    {
      "mode": "managed",
      "type": "aws_iam_role_policy_attachment",
      "name": "az3_arm64_eks_node_group_20230124155745066600000008_policy_AmazonEC2ContainerRegistryReadOnly",
      "provider": "provider[\"registry.terraform.io/hashicorp/aws\"]",
      "instances": [
        {
          "schema_version": 0,
          "attributes": {
            "id": "az3-arm64-eks-node-group-20230124155745066600000008/arn:aws:iam::aws:policy/AmazonEC2ContainerRegistryReadOnly",
            "policy_arn": "arn:aws:iam::aws:policy/AmazonEC2ContainerRegistryReadOnly",
            "role": "az3-arm64-eks-node-group-20230124155745066600000008"
          },
          "sensitive_attributes": []
        }
      ]
    },
    {
      "mode": "managed",
      "type": "aws_iam_role_policy_attachment",
      "name": "az3_arm64_eks_node_group_20230124155745066600000008_policy_AmazonEKSWorkerNodePolicy",
      "provider": "provider[\"registry.terraform.io/hashicorp/aws\"]",
      "instances": [
        {
          "schema_version": 0,
          "attributes": {
            "id": "az3-arm64-eks-node-group-20230124155745066600000008/arn:aws:iam::aws:policy/AmazonEKSWorkerNodePolicy",
            "policy_arn": "arn:aws:iam::aws:policy/AmazonEKSWorkerNodePolicy",
            "role": "az3-arm64-eks-node-group-20230124155745066600000008"
          },
          "sensitive_attributes": []
        }
      ]
    },
    {
      "mode": "managed",
      "type": "aws_iam_role_policy_attachment",
      "name": "az3_arm64_eks_node_group_20230124155745066600000008_policy_AmazonEKS_CNI_Policy",
      "provider": "provider[\"registry.terraform.io/hashicorp/aws\"]",
      "instances": [
        {
          "schema_version": 0,
          "attributes": {
            "id": "az3-arm64-eks-node-group-20230124155745066600000008/arn:aws:iam::aws:policy/AmazonEKS_CNI_Policy",
            "policy_arn": "arn:aws:iam::aws:policy/AmazonEKS_CNI_Policy",
            "role": "az3-arm64-eks-node-group-20230124155745066600000008"
          },
          "sensitive_attributes": []
        }
      ]
    },
    {
      "mode": "managed",
      "type": "aws_iam_role_policy_attachment",
      "name": "az3_arm64_eks_node_group_2023031716524290590000000e_policy_AmazonEC2ContainerRegistryReadOnly",
      "provider": "provider[\"registry.terraform.io/hashicorp/aws\"]",
      "instances": [
        {
          "schema_version": 0,
          "attributes": {
            "id": "az3-arm64-eks-node-group-2023031716524290590000000e/arn:aws:iam::aws:policy/AmazonEC2ContainerRegistryReadOnly",
            "policy_arn": "arn:aws:iam::aws:policy/AmazonEC2ContainerRegistryReadOnly",
            "role": "az3-arm64-eks-node-group-2023031716524290590000000e"
          },
          "sensitive_attributes": []
        }
      ]
    },
    {
      "mode": "managed",
      "type": "aws_iam_role_policy_attachment",
      "name": "az3_arm64_eks_node_group_2023031716524290590000000e_policy_AmazonEKSWorkerNodePolicy",
      "provider": "provider[\"registry.terraform.io/hashicorp/aws\"]",
      "instances": [
        {
          "schema_version": 0,
          "attributes": {
            "id": "az3-arm64-eks-node-group-2023031716524290590000000e/arn:aws:iam::aws:policy/AmazonEKSWorkerNodePolicy",
            "policy_arn": "arn:aws:iam::aws:policy/AmazonEKSWorkerNodePolicy",
            "role": "az3-arm64-eks-node-group-2023031716524290590000000e"
          },
          "sensitive_attributes": []
        }
      ]
    },
    {
      "mode": "managed",
      "type": "aws_iam_role_policy_attachment",
      "name": "az3_arm64_eks_node_group_2023031716524290590000000e_policy_AmazonEKS_CNI_Policy",
      "provider": "provider[\"registry.terraform.io/hashicorp/aws\"]",
      "instances": [
        {
          "schema_version": 0,
          "attributes": {
            "id": "az3-arm64-eks-node-group-2023031716524290590000000e/arn:aws:iam::aws:policy/AmazonEKS_CNI_Policy",
            "policy_arn": "arn:aws:iam::aws:policy/AmazonEKS_CNI_Policy",
            "role": "az3-arm64-eks-node-group-2023031716524290590000000e"
          },
          "sensitive_attributes": []
        }
      ]
    },
    {
      "mode": "managed",
      "type": "aws_iam_role_policy_attachment",
      "name": "az3_arm64_eks_node_group_2023031716524290590000000e_policy_AmazonSSMManagedInstanceCore",
      "provider": "provider[\"registry.terraform.io/hashicorp/aws\"]",
      "instances": [
        {
          "schema_version": 0,
          "attributes": {
            "id": "az3-arm64-eks-node-group-2023031716524290590000000e/arn:aws:iam::aws:policy/AmazonSSMManagedInstanceCore",
            "policy_arn": "arn:aws:iam::aws:policy/AmazonSSMManagedInstanceCore",
            "role": "az3-arm64-eks-node-group-2023031716524290590000000e"
          },
          "sensitive_attributes": []
        }
      ]
    },
    {
      "mode": "managed",
      "type": "aws_iam_role_policy_attachment",
      "name": "az3_arm64_eks_node_group_2023031716524290590000000e_policy_AmazonSSMPatchAssociation",
      "provider": "provider[\"registry.terraform.io/hashicorp/aws\"]",
      "instances": [
        {
          "schema_version": 0,
          "attributes": {
            "id": "az3-arm64-eks-node-group-2023031716524290590000000e/arn:aws:iam::aws:policy/AmazonSSMPatchAssociation",
            "policy_arn": "arn:aws:iam::aws:policy/AmazonSSMPatchAssociation",
            "role": "az3-arm64-eks-node-group-2023031716524290590000000e"
          },
          "sensitive_attributes": []
        }
      ]
    },
    {
      "mode": "managed",
      "type": "aws_iam_role_policy_attachment",
      "name": "az3_arm64_eks_node_group_2023032410414449660000000a_policy_AmazonEC2ContainerRegistryReadOnly",
      "provider": "provider[\"registry.terraform.io/hashicorp/aws\"]",
      "instances": [
        {
          "schema_version": 0,
          "attributes": {
            "id": "az3-arm64-eks-node-group-2023032410414449660000000a/arn:aws:iam::aws:policy/AmazonEC2ContainerRegistryReadOnly",
            "policy_arn": "arn:aws:iam::aws:policy/AmazonEC2ContainerRegistryReadOnly",
            "role": "az3-arm64-eks-node-group-2023032410414449660000000a"
          },
          "sensitive_attributes": []
        }
      ]
    },
    {
      "mode": "managed",
      "type": "aws_iam_role_policy_attachment",
      "name": "az3_arm64_eks_node_group_2023032410414449660000000a_policy_AmazonEKSWorkerNodePolicy",
      "provider": "provider[\"registry.terraform.io/hashicorp/aws\"]",
      "instances": [
        {
          "schema_version": 0,
          "attributes": {
            "id": "az3-arm64-eks-node-group-2023032410414449660000000a/arn:aws:iam::aws:policy/AmazonEKSWorkerNodePolicy",
            "policy_arn": "arn:aws:iam::aws:policy/AmazonEKSWorkerNodePolicy",
            "role": "az3-arm64-eks-node-group-2023032410414449660000000a"
          },
          "sensitive_attributes": []
        }
      ]
    },
    {
      "mode": "managed",
      "type": "aws_iam_role_policy_attachment",
      "name": "az3_arm64_eks_node_group_2023032410414449660000000a_policy_AmazonEKS_CNI_Policy",
      "provider": "provider[\"registry.terraform.io/hashicorp/aws\"]",
      "instances": [
        {
          "schema_version": 0,
          "attributes": {
            "id": "az3-arm64-eks-node-group-2023032410414449660000000a/arn:aws:iam::aws:policy/AmazonEKS_CNI_Policy",
            "policy_arn": "arn:aws:iam::aws:policy/AmazonEKS_CNI_Policy",
            "role": "az3-arm64-eks-node-group-2023032410414449660000000a"
          },
          "sensitive_attributes": []
        }
      ]
    },
    {
      "mode": "managed",
      "type": "aws_iam_role_policy_attachment",
      "name": "az3_arm64_eks_node_group_20230324114602108600000006_policy_AmazonEC2ContainerRegistryReadOnly",
      "provider": "provider[\"registry.terraform.io/hashicorp/aws\"]",
      "instances": [
        {
          "schema_version": 0,
          "attributes": {
            "id": "az3-arm64-eks-node-group-20230324114602108600000006/arn:aws:iam::aws:policy/AmazonEC2ContainerRegistryReadOnly",
            "policy_arn": "arn:aws:iam::aws:policy/AmazonEC2ContainerRegistryReadOnly",
            "role": "az3-arm64-eks-node-group-20230324114602108600000006"
          },
          "sensitive_attributes": []
        }
      ]
    },
    {
      "mode": "managed",
      "type": "aws_iam_role_policy_attachment",
      "name": "az3_arm64_eks_node_group_20230324114602108600000006_policy_AmazonEKSWorkerNodePolicy",
      "provider": "provider[\"registry.terraform.io/hashicorp/aws\"]",
      "instances": [
        {
          "schema_version": 0,
          "attributes": {
            "id": "az3-arm64-eks-node-group-20230324114602108600000006/arn:aws:iam::aws:policy/AmazonEKSWorkerNodePolicy",
            "policy_arn": "arn:aws:iam::aws:policy/AmazonEKSWorkerNodePolicy",
            "role": "az3-arm64-eks-node-group-20230324114602108600000006"
          },
          "sensitive_attributes": []
        }
      ]
    },
    {
      "mode": "managed",
      "type": "aws_iam_role_policy_attachment",
      "name": "az3_arm64_eks_node_group_20230324114602108600000006_policy_AmazonEKS_CNI_Policy",
      "provider": "provider[\"registry.terraform.io/hashicorp/aws\"]",
      "instances": [
        {
          "schema_version": 0,
          "attributes": {
            "id": "az3-arm64-eks-node-group-20230324114602108600000006/arn:aws:iam::aws:policy/AmazonEKS_CNI_Policy",
            "policy_arn": "arn:aws:iam::aws:policy/AmazonEKS_CNI_Policy",
            "role": "az3-arm64-eks-node-group-20230324114602108600000006"
          },
          "sensitive_attributes": []
        }
      ]
    },
    {
      "mode": "managed",
      "type": "aws_iam_role_policy_attachment",
      "name": "az3_arm64_eks_node_group_2023040311534854510000000f_policy_AmazonEC2ContainerRegistryReadOnly",
      "provider": "provider[\"registry.terraform.io/hashicorp/aws\"]",
      "instances": [
        {
          "schema_version": 0,
          "attributes": {
            "id": "az3-arm64-eks-node-group-2023040311534854510000000f/arn:aws:iam::aws:policy/AmazonEC2ContainerRegistryReadOnly",
            "policy_arn": "arn:aws:iam::aws:policy/AmazonEC2ContainerRegistryReadOnly",
            "role": "az3-arm64-eks-node-group-2023040311534854510000000f"
          },
          "sensitive_attributes": []
        }
      ]
    },
    {
      "mode": "managed",
      "type": "aws_iam_role_policy_attachment",
      "name": "az3_arm64_eks_node_group_2023040311534854510000000f_policy_AmazonEKSWorkerNodePolicy",
      "provider": "provider[\"registry.terraform.io/hashicorp/aws\"]",
      "instances": [
        {
          "schema_version": 0,
          "attributes": {
            "id": "az3-arm64-eks-node-group-2023040311534854510000000f/arn:aws:iam::aws:policy/AmazonEKSWorkerNodePolicy",
            "policy_arn": "arn:aws:iam::aws:policy/AmazonEKSWorkerNodePolicy",
            "role": "az3-arm64-eks-node-group-2023040311534854510000000f"
          },
          "sensitive_attributes": []
        }
      ]
    },
    {
      "mode": "managed",
      "type": "aws_iam_role_policy_attachment",
      "name": "az3_arm64_eks_node_group_2023040311534854510000000f_policy_AmazonEKS_CNI_Policy",
      "provider": "provider[\"registry.terraform.io/hashicorp/aws\"]",
      "instances": [
        {
          "schema_version": 0,
          "attributes": {
            "id": "az3-arm64-eks-node-group-2023040311534854510000000f/arn:aws:iam::aws:policy/AmazonEKS_CNI_Policy",
            "policy_arn": "arn:aws:iam::aws:policy/AmazonEKS_CNI_Policy",
            "role": "az3-arm64-eks-node-group-2023040311534854510000000f"
          },
          "sensitive_attributes": []
        }
      ]
    },
    {
      "mode": "managed",
      "type": "aws_iam_role_policy_attachment",
      "name": "clickhouse_ec2_policy_AmazonSSMManagedInstanceCore",
      "provider": "provider[\"registry.terraform.io/hashicorp/aws\"]",
      "instances": [
        {
          "schema_version": 0,
          "attributes": {
            "id": "clickhouse_ec2/arn:aws:iam::aws:policy/AmazonSSMManagedInstanceCore",
            "policy_arn": "arn:aws:iam::aws:policy/AmazonSSMManagedInstanceCore",
            "role": "clickhouse_ec2"
          },
          "sensitive_attributes": []
        }
      ]
    },
    {
      "mode": "managed",
      "type": "aws_iam_role_policy_attachment",
      "name": "clickhouse_ec2_policy_AmazonSSMPatchAssociation",
      "provider": "provider[\"registry.terraform.io/hashicorp/aws\"]",
      "instances": [
        {
          "schema_version": 0,
          "attributes": {
            "id": "clickhouse_ec2/arn:aws:iam::aws:policy/AmazonSSMPatchAssociation",
            "policy_arn": "arn:aws:iam::aws:policy/AmazonSSMPatchAssociation",
            "role": "clickhouse_ec2"
          },
          "sensitive_attributes": []
        }
      ]
    },
    {
      "mode": "managed",
      "type": "aws_iam_role_policy_attachment",
      "name": "clickhouse_ec2_policy_ch_get_tls_secrets",
      "provider": "provider[\"registry.terraform.io/hashicorp/aws\"]",
      "instances": [
        {
          "schema_version": 0,
          "attributes": {
            "id": "clickhouse_ec2/arn:aws:iam::169684386827:policy/ch_get_tls_secrets",
            "policy_arn": "arn:aws:iam::169684386827:policy/ch_get_tls_secrets",
            "role": "clickhouse_ec2"
          },
          "sensitive_attributes": []
        }
      ]
    },
    {
      "mode": "managed",
      "type": "aws_iam_role_policy_attachment",
      "name": "cognito_auth_role_policy_cognito_auth_ssm_policy",
      "provider": "provider[\"registry.terraform.io/hashicorp/aws\"]",
      "instances": [
        {
          "schema_version": 0,
          "attributes": {
            "id": "cognito_auth-role/arn:aws:iam::169684386827:policy/cognito_auth-ssm-policy",
            "policy_arn": "arn:aws:iam::169684386827:policy/cognito_auth-ssm-policy",
            "role": "cognito_auth-role"
          },
          "sensitive_attributes": []
        }
      ]
    },
    {
      "mode": "managed",
      "type": "aws_iam_role_policy_attachment",
      "name": "default_20220523131651400000000002_policy_AmazonEKSFargatePodExecutionRolePolicy",
      "provider": "provider[\"registry.terraform.io/hashicorp/aws\"]",
      "instances": [
        {
          "schema_version": 0,
          "attributes": {
            "id": "default-20220523131651400000000002/arn:aws:iam::aws:policy/AmazonEKSFargatePodExecutionRolePolicy",
            "policy_arn": "arn:aws:iam::aws:policy/AmazonEKSFargatePodExecutionRolePolicy",
            "role": "default-20220523131651400000000002"
          },
          "sensitive_attributes": []
        }
      ]
    },
    {
      "mode": "managed",
      "type": "aws_iam_role_policy_attachment",
      "name": "default_20220523131651400000000002_policy_AmazonEKS_CNI_Policy",
      "provider": "provider[\"registry.terraform.io/hashicorp/aws\"]",
      "instances": [
        {
          "schema_version": 0,
          "attributes": {
            "id": "default-20220523131651400000000002/arn:aws:iam::aws:policy/AmazonEKS_CNI_Policy",
            "policy_arn": "arn:aws:iam::aws:policy/AmazonEKS_CNI_Policy",
            "role": "default-20220523131651400000000002"
          },
          "sensitive_attributes": []
        }
      ]
    },
    {
      "mode": "managed",
      "type": "aws_iam_role_policy_attachment",
      "name": "ec2_default_policy_AmazonSSMManagedInstanceCore",
      "provider": "provider[\"registry.terraform.io/hashicorp/aws\"]",
      "instances": [
        {
          "schema_version": 0,
          "attributes": {
            "id": "ec2_default/arn:aws:iam::aws:policy/AmazonSSMManagedInstanceCore",
            "policy_arn": "arn:aws:iam::aws:policy/AmazonSSMManagedInstanceCore",
            "role": "ec2_default"
          },
          "sensitive_attributes": []
        }
      ]
    },
    {
      "mode": "managed",
      "type": "aws_iam_role_policy_attachment",
      "name": "ec2_default_policy_AmazonSSMPatchAssociation",
      "provider": "provider[\"registry.terraform.io/hashicorp/aws\"]",
      "instances": [
        {
          "schema_version": 0,
          "attributes": {
            "id": "ec2_default/arn:aws:iam::aws:policy/AmazonSSMPatchAssociation",
            "policy_arn": "arn:aws:iam::aws:policy/AmazonSSMPatchAssociation",
            "role": "ec2_default"
          },
          "sensitive_attributes": []
        }
      ]
    },
    {
      "mode": "managed",
      "type": "aws_iam_role_policy_attachment",
      "name": "ec2_default_policy_CloudWatchAgentServerPolicy",
      "provider": "provider[\"registry.terraform.io/hashicorp/aws\"]",
      "instances": [
        {
          "schema_version": 0,
          "attributes": {
            "id": "ec2_default/arn:aws:iam::aws:policy/CloudWatchAgentServerPolicy",
            "policy_arn": "arn:aws:iam::aws:policy/CloudWatchAgentServerPolicy",
            "role": "ec2_default"
          },
          "sensitive_attributes": []
        }
      ]
    },
    {
      "mode": "managed",
      "type": "aws_iam_role_policy_attachment",
      "name": "ec2_default_policy_get_internal_ec2_keypair_from_secretsmanager",
      "provider": "provider[\"registry.terraform.io/hashicorp/aws\"]",
      "instances": [
        {
          "schema_version": 0,
          "attributes": {
            "id": "ec2_default/arn:aws:iam::169684386827:policy/get_internal_ec2_keypair_from_secretsmanager",
            "policy_arn": "arn:aws:iam::169684386827:policy/get_internal_ec2_keypair_from_secretsmanager",
            "role": "ec2_default"
          },
          "sensitive_attributes": []
        }
      ]
    },
    {
      "mode": "managed",
      "type": "aws_iam_role_policy_attachment",
      "name": "ec2_default_policy_get_posthog_ca_from_secretsmanager",
      "provider": "provider[\"registry.terraform.io/hashicorp/aws\"]",
      "instances": [
        {
          "schema_version": 0,
          "attributes": {
            "id": "ec2_default/arn:aws:iam::169684386827:policy/get_posthog_ca_from_secretsmanager",
            "policy_arn": "arn:aws:iam::169684386827:policy/get_posthog_ca_from_secretsmanager",
            "role": "ec2_default"
          },
          "sensitive_attributes": []
        }
      ]
    },
    {
      "mode": "managed",
      "type": "aws_iam_role_policy_attachment",
      "name": "github_terraform_infra_role_policy_terraform_role",
      "provider": "provider[\"registry.terraform.io/hashicorp/aws\"]",
      "instances": [
        {
          "schema_version": 0,
          "attributes": {
            "id": "github-terraform-infra-role/arn:aws:iam::169684386827:policy/terraform-role",
            "policy_arn": "arn:aws:iam::169684386827:policy/terraform-role",
            "role": "github-terraform-infra-role"
          },
          "sensitive_attributes": []
        }
      ]
    },
    {
      "mode": "managed",
      "type": "aws_iam_role_policy_attachment",
      "name": "kube_system_20220523131651399400000001_policy_AmazonEKSFargatePodExecutionRolePolicy",
      "provider": "provider[\"registry.terraform.io/hashicorp/aws\"]",
      "instances": [
        {
          "schema_version": 0,
          "attributes": {
            "id": "kube-system-20220523131651399400000001/arn:aws:iam::aws:policy/AmazonEKSFargatePodExecutionRolePolicy",
            "policy_arn": "arn:aws:iam::aws:policy/AmazonEKSFargatePodExecutionRolePolicy",
            "role": "kube-system-20220523131651399400000001"
          },
          "sensitive_attributes": []
        }
      ]
    },
    {
      "mode": "managed",
      "type": "aws_iam_role_policy_attachment",
      "name": "kube_system_20220523131651399400000001_policy_AmazonEKS_CNI_Policy",
      "provider": "provider[\"registry.terraform.io/hashicorp/aws\"]",
      "instances": [
        {
          "schema_version": 0,
          "attributes": {
            "id": "kube-system-20220523131651399400000001/arn:aws:iam::aws:policy/AmazonEKS_CNI_Policy",
            "policy_arn": "arn:aws:iam::aws:policy/AmazonEKS_CNI_Policy",
            "role": "kube-system-20220523131651399400000001"
          },
          "sensitive_attributes": []
        }
      ]
    },
    {
      "mode": "managed",
      "type": "aws_iam_role_policy_attachment",
      "name": "nodes_eks_node_group_20220523131651404200000007_policy_AmazonEC2ContainerRegistryReadOnly",
      "provider": "provider[\"registry.terraform.io/hashicorp/aws\"]",
      "instances": [
        {
          "schema_version": 0,
          "attributes": {
            "id": "nodes-eks-node-group-20220523131651404200000007/arn:aws:iam::aws:policy/AmazonEC2ContainerRegistryReadOnly",
            "policy_arn": "arn:aws:iam::aws:policy/AmazonEC2ContainerRegistryReadOnly",
            "role": "nodes-eks-node-group-20220523131651404200000007"
          },
          "sensitive_attributes": []
        }
      ]
    },
    {
      "mode": "managed",
      "type": "aws_iam_role_policy_attachment",
      "name": "nodes_eks_node_group_20220523131651404200000007_policy_AmazonEKSWorkerNodePolicy",
      "provider": "provider[\"registry.terraform.io/hashicorp/aws\"]",
      "instances": [
        {
          "schema_version": 0,
          "attributes": {
            "id": "nodes-eks-node-group-20220523131651404200000007/arn:aws:iam::aws:policy/AmazonEKSWorkerNodePolicy",
            "policy_arn": "arn:aws:iam::aws:policy/AmazonEKSWorkerNodePolicy",
            "role": "nodes-eks-node-group-20220523131651404200000007"
          },
          "sensitive_attributes": []
        }
      ]
    },
    {
      "mode": "managed",
      "type": "aws_iam_role_policy_attachment",
      "name": "nodes_eks_node_group_20220523131651404200000007_policy_AmazonEKS_CNI_Policy",
      "provider": "provider[\"registry.terraform.io/hashicorp/aws\"]",
      "instances": [
        {
          "schema_version": 0,
          "attributes": {
            "id": "nodes-eks-node-group-20220523131651404200000007/arn:aws:iam::aws:policy/AmazonEKS_CNI_Policy",
            "policy_arn": "arn:aws:iam::aws:policy/AmazonEKS_CNI_Policy",
            "role": "nodes-eks-node-group-20220523131651404200000007"
          },
          "sensitive_attributes": []
        }
      ]
    },
    {
      "mode": "managed",
      "type": "aws_iam_role_policy_attachment",
      "name": "nodes_eks_node_group_20220602125147928200000004_policy_AmazonEC2ContainerRegistryReadOnly",
      "provider": "provider[\"registry.terraform.io/hashicorp/aws\"]",
      "instances": [
        {
          "schema_version": 0,
          "attributes": {
            "id": "nodes-eks-node-group-20220602125147928200000004/arn:aws:iam::aws:policy/AmazonEC2ContainerRegistryReadOnly",
            "policy_arn": "arn:aws:iam::aws:policy/AmazonEC2ContainerRegistryReadOnly",
            "role": "nodes-eks-node-group-20220602125147928200000004"
          },
          "sensitive_attributes": []
        }
      ]
    },
    {
      "mode": "managed",
      "type": "aws_iam_role_policy_attachment",
      "name": "nodes_eks_node_group_20220602125147928200000004_policy_AmazonEKSWorkerNodePolicy",
      "provider": "provider[\"registry.terraform.io/hashicorp/aws\"]",
      "instances": [
        {
          "schema_version": 0,
          "attributes": {
            "id": "nodes-eks-node-group-20220602125147928200000004/arn:aws:iam::aws:policy/AmazonEKSWorkerNodePolicy",
            "policy_arn": "arn:aws:iam::aws:policy/AmazonEKSWorkerNodePolicy",
            "role": "nodes-eks-node-group-20220602125147928200000004"
          },
          "sensitive_attributes": []
        }
      ]
    },
    {
      "mode": "managed",
      "type": "aws_iam_role_policy_attachment",
      "name": "nodes_eks_node_group_20220602125147928200000004_policy_AmazonEKS_CNI_Policy",
      "provider": "provider[\"registry.terraform.io/hashicorp/aws\"]",
      "instances": [
        {
          "schema_version": 0,
          "attributes": {
            "id": "nodes-eks-node-group-20220602125147928200000004/arn:aws:iam::aws:policy/AmazonEKS_CNI_Policy",
            "policy_arn": "arn:aws:iam::aws:policy/AmazonEKS_CNI_Policy",
            "role": "nodes-eks-node-group-20220602125147928200000004"
          },
          "sensitive_attributes": []
        }
      ]
    },
    {
      "mode": "managed",
      "type": "aws_iam_role_policy_attachment",
      "name": "nodes_eks_node_group_20220616115441134600000003_policy_AmazonEC2ContainerRegistryReadOnly",
      "provider": "provider[\"registry.terraform.io/hashicorp/aws\"]",
      "instances": [
        {
          "schema_version": 0,
          "attributes": {
            "id": "nodes-eks-node-group-20220616115441134600000003/arn:aws:iam::aws:policy/AmazonEC2ContainerRegistryReadOnly",
            "policy_arn": "arn:aws:iam::aws:policy/AmazonEC2ContainerRegistryReadOnly",
            "role": "nodes-eks-node-group-20220616115441134600000003"
          },
          "sensitive_attributes": []
        }
      ]
    },
    {
      "mode": "managed",
      "type": "aws_iam_role_policy_attachment",
      "name": "nodes_eks_node_group_20220616115441134600000003_policy_AmazonEKSWorkerNodePolicy",
      "provider": "provider[\"registry.terraform.io/hashicorp/aws\"]",
      "instances": [
        {
          "schema_version": 0,
          "attributes": {
            "id": "nodes-eks-node-group-20220616115441134600000003/arn:aws:iam::aws:policy/AmazonEKSWorkerNodePolicy",
            "policy_arn": "arn:aws:iam::aws:policy/AmazonEKSWorkerNodePolicy",
            "role": "nodes-eks-node-group-20220616115441134600000003"
          },
          "sensitive_attributes": []
        }
      ]
    },
    {
      "mode": "managed",
      "type": "aws_iam_role_policy_attachment",
      "name": "nodes_eks_node_group_20220616115441134600000003_policy_AmazonEKS_CNI_Policy",
      "provider": "provider[\"registry.terraform.io/hashicorp/aws\"]",
      "instances": [
        {
          "schema_version": 0,
          "attributes": {
            "id": "nodes-eks-node-group-20220616115441134600000003/arn:aws:iam::aws:policy/AmazonEKS_CNI_Policy",
            "policy_arn": "arn:aws:iam::aws:policy/AmazonEKS_CNI_Policy",
            "role": "nodes-eks-node-group-20220616115441134600000003"
          },
          "sensitive_attributes": []
        }
      ]
    },
    {
      "mode": "managed",
      "type": "aws_iam_role_policy_attachment",
      "name": "posthog_dev_aws_load_balancer_controller_policy_service_posthog_dev_posthog_dev_AWSLoadBalancerControllerGlobalIAMPolicy",
      "provider": "provider[\"registry.terraform.io/hashicorp/aws\"]",
      "instances": [
        {
          "schema_version": 0,
          "attributes": {
            "id": "posthog-dev-aws-load-balancer-controller/arn:aws:iam::169684386827:policy/service/posthog-dev/posthog-dev-AWSLoadBalancerControllerGlobalIAMPolicy",
            "policy_arn": "arn:aws:iam::169684386827:policy/service/posthog-dev/posthog-dev-AWSLoadBalancerControllerGlobalIAMPolicy",
            "role": "posthog-dev-aws-load-balancer-controller"
          },
          "sensitive_attributes": []
        }
      ]
    },
    {
      "mode": "managed",
      "type": "aws_iam_role_policy_attachment",
      "name": "posthog_dev_cluster_20220429143555706600000004_policy_AmazonEKSClusterPolicy",
      "provider": "provider[\"registry.terraform.io/hashicorp/aws\"]",
      "instances": [
        {
          "schema_version": 0,
          "attributes": {
            "id": "posthog-dev-cluster-20220429143555706600000004/arn:aws:iam::aws:policy/AmazonEKSClusterPolicy",
            "policy_arn": "arn:aws:iam::aws:policy/AmazonEKSClusterPolicy",
            "role": "posthog-dev-cluster-20220429143555706600000004"
          },
          "sensitive_attributes": []
        }
      ]
    },
    {
      "mode": "managed",
      "type": "aws_iam_role_policy_attachment",
      "name": "posthog_dev_cluster_20220429143555706600000004_policy_AmazonEKSVPCResourceController",
      "provider": "provider[\"registry.terraform.io/hashicorp/aws\"]",
      "instances": [
        {
          "schema_version": 0,
          "attributes": {
            "id": "posthog-dev-cluster-20220429143555706600000004/arn:aws:iam::aws:policy/AmazonEKSVPCResourceController",
            "policy_arn": "arn:aws:iam::aws:policy/AmazonEKSVPCResourceController",
            "role": "posthog-dev-cluster-20220429143555706600000004"
          },
          "sensitive_attributes": []
        }
      ]
    },
    {
      "mode": "managed",
      "type": "aws_iam_role_policy_attachment",
      "name": "posthog_dev_cluster_autoscaler_policy_posthog_dev_worker_autoscaling20220503143630354100000003",
      "provider": "provider[\"registry.terraform.io/hashicorp/aws\"]",
      "instances": [
        {
          "schema_version": 0,
          "attributes": {
            "id": "posthog-dev-cluster-autoscaler/arn:aws:iam::169684386827:policy/posthog-dev-worker-autoscaling20220503143630354100000003",
            "policy_arn": "arn:aws:iam::169684386827:policy/posthog-dev-worker-autoscaling20220503143630354100000003",
            "role": "posthog-dev-cluster-autoscaler"
          },
          "sensitive_attributes": []
        }
      ]
    },
    {
      "mode": "managed",
      "type": "aws_iam_role_policy_attachment",
      "name": "posthog_dev_ebs_csi_driver_policy_posthog_dev_ebs_csi_driver20221014160624289300000001",
      "provider": "provider[\"registry.terraform.io/hashicorp/aws\"]",
      "instances": [
        {
          "schema_version": 0,
          "attributes": {
            "id": "posthog-dev-ebs-csi-driver/arn:aws:iam::169684386827:policy/posthog-dev-ebs-csi-driver20221014160624289300000001",
            "policy_arn": "arn:aws:iam::169684386827:policy/posthog-dev-ebs-csi-driver20221014160624289300000001",
            "role": "posthog-dev-ebs-csi-driver"
          },
          "sensitive_attributes": []
        }
      ]
    },
    {
      "mode": "managed",
      "type": "aws_iam_role_policy_attachment",
      "name": "posthog_dev_ebs_csi_driver_policy_service_role_AmazonEBSCSIDriverPolicy",
      "provider": "provider[\"registry.terraform.io/hashicorp/aws\"]",
      "instances": [
        {
          "schema_version": 0,
          "attributes": {
            "id": "posthog-dev-ebs-csi-driver/arn:aws:iam::aws:policy/service-role/AmazonEBSCSIDriverPolicy",
            "policy_arn": "arn:aws:iam::aws:policy/service-role/AmazonEBSCSIDriverPolicy",
            "role": "posthog-dev-ebs-csi-driver"
          },
          "sensitive_attributes": []
        }
      ]
    },
    {
      "mode": "managed",
      "type": "aws_iam_role_policy_attachment",
      "name": "posthog_dev_external_dns_policy_posthog_dev_external_dns20220506104822640100000001",
      "provider": "provider[\"registry.terraform.io/hashicorp/aws\"]",
      "instances": [
        {
          "schema_version": 0,
          "attributes": {
            "id": "posthog-dev-external-dns/arn:aws:iam::169684386827:policy/posthog-dev-external-dns20220506104822640100000001",
            "policy_arn": "arn:aws:iam::169684386827:policy/posthog-dev-external-dns20220506104822640100000001",
            "role": "posthog-dev-external-dns"
          },
          "sensitive_attributes": []
        }
      ]
    },
    {
      "mode": "managed",
      "type": "aws_iam_role_policy_attachment",
      "name": "rds_backup_service_role_us_east_1_policy_service_role_AWSBackupServiceRolePolicyForBackup",
      "provider": "provider[\"registry.terraform.io/hashicorp/aws\"]",
      "instances": [
        {
          "schema_version": 0,
          "attributes": {
            "id": "rds-backup-service-role-us-east-1/arn:aws:iam::aws:policy/service-role/AWSBackupServiceRolePolicyForBackup",
            "policy_arn": "arn:aws:iam::aws:policy/service-role/AWSBackupServiceRolePolicyForBackup",
            "role": "rds-backup-service-role-us-east-1"
          },
          "sensitive_attributes": []
        }
      ]
    },
    {
      "mode": "managed",
      "type": "aws_iam_role_policy_attachment",
      "name": "secrettest_role_4c20jvwx_policy_service_role_AWSLambdaBasicExecutionRole_1331fe92_9d01_4713_a7d8_bdcf48878ddc",
      "provider": "provider[\"registry.terraform.io/hashicorp/aws\"]",
      "instances": [
        {
          "schema_version": 0,
          "attributes": {
            "id": "secrettest-role-4c20jvwx/arn:aws:iam::169684386827:policy/service-role/AWSLambdaBasicExecutionRole-1331fe92-9d01-4713-a7d8-bdcf48878ddc",
            "policy_arn": "arn:aws:iam::169684386827:policy/service-role/AWSLambdaBasicExecutionRole-1331fe92-9d01-4713-a7d8-bdcf48878ddc",
            "role": "secrettest-role-4c20jvwx"
          },
          "sensitive_attributes": []
        }
      ]
    },
    {
      "mode": "managed",
      "type": "aws_iam_role_policy_attachment",
      "name": "secrettest_role_4c20jvwx_policy_service_role_AWSLambdaVPCAccessExecutionRole_d6b7ff65_2a11_439b_a5b9_a9e156598ab9",
      "provider": "provider[\"registry.terraform.io/hashicorp/aws\"]",
      "instances": [
        {
          "schema_version": 0,
          "attributes": {
            "id": "secrettest-role-4c20jvwx/arn:aws:iam::169684386827:policy/service-role/AWSLambdaVPCAccessExecutionRole-d6b7ff65-2a11-439b-a5b9-a9e156598ab9",
            "policy_arn": "arn:aws:iam::169684386827:policy/service-role/AWSLambdaVPCAccessExecutionRole-d6b7ff65-2a11-439b-a5b9-a9e156598ab9",
            "role": "secrettest-role-4c20jvwx"
          },
          "sensitive_attributes": []
        }
      ]
    },
    {
      "mode": "managed",
      "type": "aws_iam_role_policy_attachment",
      "name": "spacelift_policy_AdministratorAccess",
      "provider": "provider[\"registry.terraform.io/hashicorp/aws\"]",
      "instances": [
        {
          "schema_version": 0,
          "attributes": {
            "id": "spacelift/arn:aws:iam::aws:policy/AdministratorAccess",
            "policy_arn": "arn:aws:iam::aws:policy/AdministratorAccess",
            "role": "spacelift"
          },
          "sensitive_attributes": []
        }
      ]
    },
    {
      "mode": "managed",
      "type": "aws_iam_role_policy_attachment",
      "name": "stacksets_exec_a2fbe04951ccdbbedf46c50187226295_policy_AdministratorAccess",
      "provider": "provider[\"registry.terraform.io/hashicorp/aws\"]",
      "instances": [
        {
          "schema_version": 0,
          "attributes": {
            "id": "stacksets-exec-a2fbe04951ccdbbedf46c50187226295/arn:aws:iam::aws:policy/AdministratorAccess",
            "policy_arn": "arn:aws:iam::aws:policy/AdministratorAccess",
            "role": "stacksets-exec-a2fbe04951ccdbbedf46c50187226295"
          },
          "sensitive_attributes": []
        }
      ]
    },
    {
      "mode": "managed",
      "type": "aws_iam_role_policy_attachment",
      "name": "terraform_20221006010416860700000001_policy_service_role_AmazonRDSEnhancedMonitoringRole",
      "provider": "provider[\"registry.terraform.io/hashicorp/aws\"]",
      "instances": [
        {
          "schema_version": 0,
          "attributes": {
            "id": "terraform-20221006010416860700000001/arn:aws:iam::aws:policy/service-role/AmazonRDSEnhancedMonitoringRole",
            "policy_arn": "arn:aws:iam::aws:policy/service-role/AmazonRDSEnhancedMonitoringRole",
            "role": "terraform-20221006010416860700000001"
          },
          "sensitive_attributes": []
        }
      ]
    },
    {
      "mode": "managed",
      "type": "aws_iam_role_policy_attachment",
      "name": "terraform_20221006013829304700000001_policy_service_role_AmazonRDSEnhancedMonitoringRole",
      "provider": "provider[\"registry.terraform.io/hashicorp/aws\"]",
      "instances": [
        {
          "schema_version": 0,
          "attributes": {
            "id": "terraform-20221006013829304700000001/arn:aws:iam::aws:policy/service-role/AmazonRDSEnhancedMonitoringRole",
            "policy_arn": "arn:aws:iam::aws:policy/service-role/AmazonRDSEnhancedMonitoringRole",
            "role": "terraform-20221006013829304700000001"
          },
          "sensitive_attributes": []
        }
      ]
    },
    {
      "mode": "managed",
      "type": "aws_iam_role_policy_attachment",
      "name": "terraform_20221128125119272600000001_policy_service_role_AmazonRDSEnhancedMonitoringRole",
      "provider": "provider[\"registry.terraform.io/hashicorp/aws\"]",
      "instances": [
        {
          "schema_version": 0,
          "attributes": {
            "id": "terraform-20221128125119272600000001/arn:aws:iam::aws:policy/service-role/AmazonRDSEnhancedMonitoringRole",
            "policy_arn": "arn:aws:iam::aws:policy/service-role/AmazonRDSEnhancedMonitoringRole",
            "role": "terraform-20221128125119272600000001"
          },
          "sensitive_attributes": []
        }
      ]
    },
    {
      "mode": "managed",
      "type": "aws_iam_role_policy_attachment",
      "name": "test_ch_pr_1377_clickhouse_ec2_policy_AmazonSSMManagedInstanceCore",
      "provider": "provider[\"registry.terraform.io/hashicorp/aws\"]",
      "instances": [
        {
          "schema_version": 0,
          "attributes": {
            "id": "test_ch_pr_1377_clickhouse_ec2/arn:aws:iam::aws:policy/AmazonSSMManagedInstanceCore",
            "policy_arn": "arn:aws:iam::aws:policy/AmazonSSMManagedInstanceCore",
            "role": "test_ch_pr_1377_clickhouse_ec2"
          },
          "sensitive_attributes": []
        }
      ]
    },
    {
      "mode": "managed",
      "type": "aws_iam_role_policy_attachment",
      "name": "test_ch_pr_1377_clickhouse_ec2_policy_test_ch_pr_1377_ch_get_tls_secrets",
      "provider": "provider[\"registry.terraform.io/hashicorp/aws\"]",
      "instances": [
        {
          "schema_version": 0,
          "attributes": {
            "id": "test_ch_pr_1377_clickhouse_ec2/arn:aws:iam::169684386827:policy/test_ch_pr_1377_ch_get_tls_secrets",
            "policy_arn": "arn:aws:iam::169684386827:policy/test_ch_pr_1377_ch_get_tls_secrets",
            "role": "test_ch_pr_1377_clickhouse_ec2"
          },
          "sensitive_attributes": []
        }
      ]
    },
    {
      "mode": "managed",
      "type": "aws_iam_role_policy_attachment",
      "name": "test_ch_pr_218_clickhouse_ec2_policy_AmazonSSMManagedInstanceCore",
      "provider": "provider[\"registry.terraform.io/hashicorp/aws\"]",
      "instances": [
        {
          "schema_version": 0,
          "attributes": {
            "id": "test_ch_pr_218_clickhouse_ec2/arn:aws:iam::aws:policy/AmazonSSMManagedInstanceCore",
            "policy_arn": "arn:aws:iam::aws:policy/AmazonSSMManagedInstanceCore",
            "role": "test_ch_pr_218_clickhouse_ec2"
          },
          "sensitive_attributes": []
        }
      ]
    },
    {
      "mode": "managed",
      "type": "aws_iam_role_policy_attachment",
      "name": "test_ch_pr_218_clickhouse_ec2_policy_test_ch_pr_218_ch_get_tls_secrets",
      "provider": "provider[\"registry.terraform.io/hashicorp/aws\"]",
      "instances": [
        {
          "schema_version": 0,
          "attributes": {
            "id": "test_ch_pr_218_clickhouse_ec2/arn:aws:iam::169684386827:policy/test_ch_pr_218_ch_get_tls_secrets",
            "policy_arn": "arn:aws:iam::169684386827:policy/test_ch_pr_218_ch_get_tls_secrets",
            "role": "test_ch_pr_218_clickhouse_ec2"
          },
          "sensitive_attributes": []
        }
      ]
    },
    {
      "mode": "managed",
      "type": "aws_iam_role_policy_attachment",
      "name": "test_ch_pr_218_clickhouse_ec2_policy_test_ch_pr_218_get_kafka_mtls_secrets",
      "provider": "provider[\"registry.terraform.io/hashicorp/aws\"]",
      "instances": [
        {
          "schema_version": 0,
          "attributes": {
            "id": "test_ch_pr_218_clickhouse_ec2/arn:aws:iam::169684386827:policy/test-ch-pr-218-get_kafka_mtls_secrets",
            "policy_arn": "arn:aws:iam::169684386827:policy/test-ch-pr-218-get_kafka_mtls_secrets",
            "role": "test_ch_pr_218_clickhouse_ec2"
          },
          "sensitive_attributes": []
        }
      ]
    },
    {
      "mode": "managed",
      "type": "aws_iam_role_policy_attachment",
      "name": "test_ch_pr_229_clickhouse_ec2_policy_AmazonSSMManagedInstanceCore",
      "provider": "provider[\"registry.terraform.io/hashicorp/aws\"]",
      "instances": [
        {
          "schema_version": 0,
          "attributes": {
            "id": "test_ch_pr_229_clickhouse_ec2/arn:aws:iam::aws:policy/AmazonSSMManagedInstanceCore",
            "policy_arn": "arn:aws:iam::aws:policy/AmazonSSMManagedInstanceCore",
            "role": "test_ch_pr_229_clickhouse_ec2"
          },
          "sensitive_attributes": []
        }
      ]
    },
    {
      "mode": "managed",
      "type": "aws_iam_role_policy_attachment",
      "name": "test_ch_pr_229_clickhouse_ec2_policy_test_ch_pr_229_ch_get_tls_secrets",
      "provider": "provider[\"registry.terraform.io/hashicorp/aws\"]",
      "instances": [
        {
          "schema_version": 0,
          "attributes": {
            "id": "test_ch_pr_229_clickhouse_ec2/arn:aws:iam::169684386827:policy/test_ch_pr_229_ch_get_tls_secrets",
            "policy_arn": "arn:aws:iam::169684386827:policy/test_ch_pr_229_ch_get_tls_secrets",
            "role": "test_ch_pr_229_clickhouse_ec2"
          },
          "sensitive_attributes": []
        }
      ]
    },
    {
      "mode": "managed",
      "type": "aws_iam_role_policy_attachment",
      "name": "test_ch_pr_229_clickhouse_ec2_policy_test_ch_pr_229_get_kafka_mtls_secrets",
      "provider": "provider[\"registry.terraform.io/hashicorp/aws\"]",
      "instances": [
        {
          "schema_version": 0,
          "attributes": {
            "id": "test_ch_pr_229_clickhouse_ec2/arn:aws:iam::169684386827:policy/test-ch-pr-229-get_kafka_mtls_secrets",
            "policy_arn": "arn:aws:iam::169684386827:policy/test-ch-pr-229-get_kafka_mtls_secrets",
            "role": "test_ch_pr_229_clickhouse_ec2"
          },
          "sensitive_attributes": []
        }
      ]
    },
    {
      "mode": "managed",
      "type": "aws_iam_role_policy_attachment",
      "name": "test_ch_pr_230_clickhouse_ec2_policy_AmazonSSMManagedInstanceCore",
      "provider": "provider[\"registry.terraform.io/hashicorp/aws\"]",
      "instances": [
        {
          "schema_version": 0,
          "attributes": {
            "id": "test_ch_pr_230_clickhouse_ec2/arn:aws:iam::aws:policy/AmazonSSMManagedInstanceCore",
            "policy_arn": "arn:aws:iam::aws:policy/AmazonSSMManagedInstanceCore",
            "role": "test_ch_pr_230_clickhouse_ec2"
          },
          "sensitive_attributes": []
        }
      ]
    },
    {
      "mode": "managed",
      "type": "aws_iam_role_policy_attachment",
      "name": "test_ch_pr_230_clickhouse_ec2_policy_test_ch_pr_230_ch_get_tls_secrets",
      "provider": "provider[\"registry.terraform.io/hashicorp/aws\"]",
      "instances": [
        {
          "schema_version": 0,
          "attributes": {
            "id": "test_ch_pr_230_clickhouse_ec2/arn:aws:iam::169684386827:policy/test_ch_pr_230_ch_get_tls_secrets",
            "policy_arn": "arn:aws:iam::169684386827:policy/test_ch_pr_230_ch_get_tls_secrets",
            "role": "test_ch_pr_230_clickhouse_ec2"
          },
          "sensitive_attributes": []
        }
      ]
    },
    {
      "mode": "managed",
      "type": "aws_iam_role_policy_attachment",
      "name": "test_ch_pr_230_clickhouse_ec2_policy_test_ch_pr_230_get_kafka_mtls_secrets",
      "provider": "provider[\"registry.terraform.io/hashicorp/aws\"]",
      "instances": [
        {
          "schema_version": 0,
          "attributes": {
            "id": "test_ch_pr_230_clickhouse_ec2/arn:aws:iam::169684386827:policy/test-ch-pr-230-get_kafka_mtls_secrets",
            "policy_arn": "arn:aws:iam::169684386827:policy/test-ch-pr-230-get_kafka_mtls_secrets",
            "role": "test_ch_pr_230_clickhouse_ec2"
          },
          "sensitive_attributes": []
        }
      ]
    },
    {
      "mode": "managed",
      "type": "aws_iam_role_policy_attachment",
      "name": "test_ch_pr_485_clickhouse_ec2_policy_AmazonSSMManagedInstanceCore",
      "provider": "provider[\"registry.terraform.io/hashicorp/aws\"]",
      "instances": [
        {
          "schema_version": 0,
          "attributes": {
            "id": "test_ch_pr_485_clickhouse_ec2/arn:aws:iam::aws:policy/AmazonSSMManagedInstanceCore",
            "policy_arn": "arn:aws:iam::aws:policy/AmazonSSMManagedInstanceCore",
            "role": "test_ch_pr_485_clickhouse_ec2"
          },
          "sensitive_attributes": []
        }
      ]
    },
    {
      "mode": "managed",
      "type": "aws_iam_role_policy_attachment",
      "name": "test_ch_pr_485_clickhouse_ec2_policy_test_ch_pr_485_ch_get_tls_secrets",
      "provider": "provider[\"registry.terraform.io/hashicorp/aws\"]",
      "instances": [
        {
          "schema_version": 0,
          "attributes": {
            "id": "test_ch_pr_485_clickhouse_ec2/arn:aws:iam::169684386827:policy/test_ch_pr_485_ch_get_tls_secrets",
            "policy_arn": "arn:aws:iam::169684386827:policy/test_ch_pr_485_ch_get_tls_secrets",
            "role": "test_ch_pr_485_clickhouse_ec2"
          },
          "sensitive_attributes": []
        }
      ]
    },
    {
      "mode": "managed",
      "type": "aws_iam_role_policy_attachment",
      "name": "test_ch_pr_485_clickhouse_ec2_policy_test_ch_pr_485_get_kafka_mtls_secrets",
      "provider": "provider[\"registry.terraform.io/hashicorp/aws\"]",
      "instances": [
        {
          "schema_version": 0,
          "attributes": {
            "id": "test_ch_pr_485_clickhouse_ec2/arn:aws:iam::169684386827:policy/test-ch-pr-485-get_kafka_mtls_secrets",
            "policy_arn": "arn:aws:iam::169684386827:policy/test-ch-pr-485-get_kafka_mtls_secrets",
            "role": "test_ch_pr_485_clickhouse_ec2"
          },
          "sensitive_attributes": []
        }
      ]
    },
    {
      "mode": "managed",
      "type": "aws_iam_role_policy_attachment",
      "name": "test_eks_pr_1337_posthog_dev_aws_load_balancer_controller_policy_service_test_eks_pr_1337_posthog_dev_test_eks_pr_1337_posthog_dev_AWSLoadBalancerControllerGlobalIAMPolicy",
      "provider": "provider[\"registry.terraform.io/hashicorp/aws\"]",
      "instances": [
        {
          "schema_version": 0,
          "attributes": {
            "id": "test-eks-pr-1337-posthog-dev-aws-load-balancer-controller/arn:aws:iam::169684386827:policy/service/test-eks-pr-1337-posthog-dev/test-eks-pr-1337-posthog-dev-AWSLoadBalancerControllerGlobalIAMPolicy",
            "policy_arn": "arn:aws:iam::169684386827:policy/service/test-eks-pr-1337-posthog-dev/test-eks-pr-1337-posthog-dev-AWSLoadBalancerControllerGlobalIAMPolicy",
            "role": "test-eks-pr-1337-posthog-dev-aws-load-balancer-controller"
          },
          "sensitive_attributes": []
        }
      ]
    },
    {
      "mode": "managed",
      "type": "aws_iam_role_policy_attachment",
      "name": "test_eks_pr_1337_posthog_dev_cluster_20230317165241239800000002_policy_AmazonEKSClusterPolicy",
      "provider": "provider[\"registry.terraform.io/hashicorp/aws\"]",
      "instances": [
        {
          "schema_version": 0,
          "attributes": {
            "id": "test-eks-pr-1337-posthog-dev-cluster-20230317165241239800000002/arn:aws:iam::aws:policy/AmazonEKSClusterPolicy",
            "policy_arn": "arn:aws:iam::aws:policy/AmazonEKSClusterPolicy",
            "role": "test-eks-pr-1337-posthog-dev-cluster-20230317165241239800000002"
          },
          "sensitive_attributes": []
        }
      ]
    },
    {
      "mode": "managed",
      "type": "aws_iam_role_policy_attachment",
      "name": "test_eks_pr_1337_posthog_dev_cluster_20230317165241239800000002_policy_AmazonEKSVPCResourceController",
      "provider": "provider[\"registry.terraform.io/hashicorp/aws\"]",
      "instances": [
        {
          "schema_version": 0,
          "attributes": {
            "id": "test-eks-pr-1337-posthog-dev-cluster-20230317165241239800000002/arn:aws:iam::aws:policy/AmazonEKSVPCResourceController",
            "policy_arn": "arn:aws:iam::aws:policy/AmazonEKSVPCResourceController",
            "role": "test-eks-pr-1337-posthog-dev-cluster-20230317165241239800000002"
          },
          "sensitive_attributes": []
        }
      ]
    },
    {
      "mode": "managed",
      "type": "aws_iam_role_policy_attachment",
      "name": "test_eks_pr_1337_posthog_dev_cluster_autoscaler_policy_test_eks_pr_1337_posthog_dev_worker_autoscaling20230317170455001400000032",
      "provider": "provider[\"registry.terraform.io/hashicorp/aws\"]",
      "instances": [
        {
          "schema_version": 0,
          "attributes": {
            "id": "test-eks-pr-1337-posthog-dev-cluster-autoscaler/arn:aws:iam::169684386827:policy/test-eks-pr-1337-posthog-dev-worker-autoscaling20230317170455001400000032",
            "policy_arn": "arn:aws:iam::169684386827:policy/test-eks-pr-1337-posthog-dev-worker-autoscaling20230317170455001400000032",
            "role": "test-eks-pr-1337-posthog-dev-cluster-autoscaler"
          },
          "sensitive_attributes": []
        }
      ]
    },
    {
      "mode": "managed",
      "type": "aws_iam_role_policy_attachment",
      "name": "test_eks_pr_1337_posthog_dev_ebs_csi_driver_policy_service_role_AmazonEBSCSIDriverPolicy",
      "provider": "provider[\"registry.terraform.io/hashicorp/aws\"]",
      "instances": [
        {
          "schema_version": 0,
          "attributes": {
            "id": "test-eks-pr-1337-posthog-dev-ebs-csi-driver/arn:aws:iam::aws:policy/service-role/AmazonEBSCSIDriverPolicy",
            "policy_arn": "arn:aws:iam::aws:policy/service-role/AmazonEBSCSIDriverPolicy",
            "role": "test-eks-pr-1337-posthog-dev-ebs-csi-driver"
          },
          "sensitive_attributes": []
        }
      ]
    },
    {
      "mode": "managed",
      "type": "aws_iam_role_policy_attachment",
      "name": "test_eks_pr_1337_posthog_dev_ebs_csi_driver_policy_test_eks_pr_1337_posthog_dev_ebs_csi_driver20230317170454445900000024",
      "provider": "provider[\"registry.terraform.io/hashicorp/aws\"]",
      "instances": [
        {
          "schema_version": 0,
          "attributes": {
            "id": "test-eks-pr-1337-posthog-dev-ebs-csi-driver/arn:aws:iam::169684386827:policy/test-eks-pr-1337-posthog-dev-ebs-csi-driver20230317170454445900000024",
            "policy_arn": "arn:aws:iam::169684386827:policy/test-eks-pr-1337-posthog-dev-ebs-csi-driver20230317170454445900000024",
            "role": "test-eks-pr-1337-posthog-dev-ebs-csi-driver"
          },
          "sensitive_attributes": []
        }
      ]
    },
    {
      "mode": "managed",
      "type": "aws_iam_role_policy_attachment",
      "name": "test_eks_pr_1337_posthog_dev_external_dns_policy_test_eks_pr_1337_posthog_dev_external_dns20230317170454980500000031",
      "provider": "provider[\"registry.terraform.io/hashicorp/aws\"]",
      "instances": [
        {
          "schema_version": 0,
          "attributes": {
            "id": "test-eks-pr-1337-posthog-dev-external-dns/arn:aws:iam::169684386827:policy/test-eks-pr-1337-posthog-dev-external-dns20230317170454980500000031",
            "policy_arn": "arn:aws:iam::169684386827:policy/test-eks-pr-1337-posthog-dev-external-dns20230317170454980500000031",
            "role": "test-eks-pr-1337-posthog-dev-external-dns"
          },
          "sensitive_attributes": []
        }
      ]
    },
    {
      "mode": "managed",
      "type": "aws_iam_role_policy_attachment",
      "name": "test_eks_pr_1376_posthog_dev_aws_load_balancer_controller_policy_service_test_eks_pr_1376_posthog_dev_test_eks_pr_1376_posthog_dev_AWSLoadBalancerControllerGlobalIAMPolicy",
      "provider": "provider[\"registry.terraform.io/hashicorp/aws\"]",
      "instances": [
        {
          "schema_version": 0,
          "attributes": {
            "id": "test-eks-pr-1376-posthog-dev-aws-load-balancer-controller/arn:aws:iam::169684386827:policy/service/test-eks-pr-1376-posthog-dev/test-eks-pr-1376-posthog-dev-AWSLoadBalancerControllerGlobalIAMPolicy",
            "policy_arn": "arn:aws:iam::169684386827:policy/service/test-eks-pr-1376-posthog-dev/test-eks-pr-1376-posthog-dev-AWSLoadBalancerControllerGlobalIAMPolicy",
            "role": "test-eks-pr-1376-posthog-dev-aws-load-balancer-controller"
          },
          "sensitive_attributes": []
        }
      ]
    },
    {
      "mode": "managed",
      "type": "aws_iam_role_policy_attachment",
      "name": "test_eks_pr_1376_posthog_dev_cluster_20230324104144267900000002_policy_AmazonEKSClusterPolicy",
      "provider": "provider[\"registry.terraform.io/hashicorp/aws\"]",
      "instances": [
        {
          "schema_version": 0,
          "attributes": {
            "id": "test-eks-pr-1376-posthog-dev-cluster-20230324104144267900000002/arn:aws:iam::aws:policy/AmazonEKSClusterPolicy",
            "policy_arn": "arn:aws:iam::aws:policy/AmazonEKSClusterPolicy",
            "role": "test-eks-pr-1376-posthog-dev-cluster-20230324104144267900000002"
          },
          "sensitive_attributes": []
        }
      ]
    },
    {
      "mode": "managed",
      "type": "aws_iam_role_policy_attachment",
      "name": "test_eks_pr_1376_posthog_dev_cluster_20230324104144267900000002_policy_AmazonEKSVPCResourceController",
      "provider": "provider[\"registry.terraform.io/hashicorp/aws\"]",
      "instances": [
        {
          "schema_version": 0,
          "attributes": {
            "id": "test-eks-pr-1376-posthog-dev-cluster-20230324104144267900000002/arn:aws:iam::aws:policy/AmazonEKSVPCResourceController",
            "policy_arn": "arn:aws:iam::aws:policy/AmazonEKSVPCResourceController",
            "role": "test-eks-pr-1376-posthog-dev-cluster-20230324104144267900000002"
          },
          "sensitive_attributes": []
        }
      ]
    },
    {
      "mode": "managed",
      "type": "aws_iam_role_policy_attachment",
      "name": "test_eks_pr_1376_posthog_dev_cluster_autoscaler_policy_test_eks_pr_1376_posthog_dev_worker_autoscaling2023032410531417930000003a",
      "provider": "provider[\"registry.terraform.io/hashicorp/aws\"]",
      "instances": [
        {
          "schema_version": 0,
          "attributes": {
            "id": "test-eks-pr-1376-posthog-dev-cluster-autoscaler/arn:aws:iam::169684386827:policy/test-eks-pr-1376-posthog-dev-worker-autoscaling2023032410531417930000003a",
            "policy_arn": "arn:aws:iam::169684386827:policy/test-eks-pr-1376-posthog-dev-worker-autoscaling2023032410531417930000003a",
            "role": "test-eks-pr-1376-posthog-dev-cluster-autoscaler"
          },
          "sensitive_attributes": []
        }
      ]
    },
    {
      "mode": "managed",
      "type": "aws_iam_role_policy_attachment",
      "name": "test_eks_pr_1376_posthog_dev_ebs_csi_driver_policy_service_role_AmazonEBSCSIDriverPolicy",
      "provider": "provider[\"registry.terraform.io/hashicorp/aws\"]",
      "instances": [
        {
          "schema_version": 0,
          "attributes": {
            "id": "test-eks-pr-1376-posthog-dev-ebs-csi-driver/arn:aws:iam::aws:policy/service-role/AmazonEBSCSIDriverPolicy",
            "policy_arn": "arn:aws:iam::aws:policy/service-role/AmazonEBSCSIDriverPolicy",
            "role": "test-eks-pr-1376-posthog-dev-ebs-csi-driver"
          },
          "sensitive_attributes": []
        }
      ]
    },
    {
      "mode": "managed",
      "type": "aws_iam_role_policy_attachment",
      "name": "test_eks_pr_1376_posthog_dev_ebs_csi_driver_policy_test_eks_pr_1376_posthog_dev_ebs_csi_driver2023032410531351490000002a",
      "provider": "provider[\"registry.terraform.io/hashicorp/aws\"]",
      "instances": [
        {
          "schema_version": 0,
          "attributes": {
            "id": "test-eks-pr-1376-posthog-dev-ebs-csi-driver/arn:aws:iam::169684386827:policy/test-eks-pr-1376-posthog-dev-ebs-csi-driver2023032410531351490000002a",
            "policy_arn": "arn:aws:iam::169684386827:policy/test-eks-pr-1376-posthog-dev-ebs-csi-driver2023032410531351490000002a",
            "role": "test-eks-pr-1376-posthog-dev-ebs-csi-driver"
          },
          "sensitive_attributes": []
        }
      ]
    },
    {
      "mode": "managed",
      "type": "aws_iam_role_policy_attachment",
      "name": "test_eks_pr_1376_posthog_dev_external_dns_policy_test_eks_pr_1376_posthog_dev_external_dns20230324105313831500000039",
      "provider": "provider[\"registry.terraform.io/hashicorp/aws\"]",
      "instances": [
        {
          "schema_version": 0,
          "attributes": {
            "id": "test-eks-pr-1376-posthog-dev-external-dns/arn:aws:iam::169684386827:policy/test-eks-pr-1376-posthog-dev-external-dns20230324105313831500000039",
            "policy_arn": "arn:aws:iam::169684386827:policy/test-eks-pr-1376-posthog-dev-external-dns20230324105313831500000039",
            "role": "test-eks-pr-1376-posthog-dev-external-dns"
          },
          "sensitive_attributes": []
        }
      ]
    },
    {
      "mode": "managed",
      "type": "aws_iam_role_policy_attachment",
      "name": "test_eks_pr_1377_posthog_dev_aws_load_balancer_controller_policy_service_test_eks_pr_1377_posthog_dev_test_eks_pr_1377_posthog_dev_AWSLoadBalancerControllerGlobalIAMPolicy",
      "provider": "provider[\"registry.terraform.io/hashicorp/aws\"]",
      "instances": [
        {
          "schema_version": 0,
          "attributes": {
            "id": "test-eks-pr-1377-posthog-dev-aws-load-balancer-controller/arn:aws:iam::169684386827:policy/service/test-eks-pr-1377-posthog-dev/test-eks-pr-1377-posthog-dev-AWSLoadBalancerControllerGlobalIAMPolicy",
            "policy_arn": "arn:aws:iam::169684386827:policy/service/test-eks-pr-1377-posthog-dev/test-eks-pr-1377-posthog-dev-AWSLoadBalancerControllerGlobalIAMPolicy",
            "role": "test-eks-pr-1377-posthog-dev-aws-load-balancer-controller"
          },
          "sensitive_attributes": []
        }
      ]
    },
    {
      "mode": "managed",
      "type": "aws_iam_role_policy_attachment",
      "name": "test_eks_pr_1377_posthog_dev_cluster_20230403115346600800000002_policy_AmazonEKSClusterPolicy",
      "provider": "provider[\"registry.terraform.io/hashicorp/aws\"]",
      "instances": [
        {
          "schema_version": 0,
          "attributes": {
            "id": "test-eks-pr-1377-posthog-dev-cluster-20230403115346600800000002/arn:aws:iam::aws:policy/AmazonEKSClusterPolicy",
            "policy_arn": "arn:aws:iam::aws:policy/AmazonEKSClusterPolicy",
            "role": "test-eks-pr-1377-posthog-dev-cluster-20230403115346600800000002"
          },
          "sensitive_attributes": []
        }
      ]
    },
    {
      "mode": "managed",
      "type": "aws_iam_role_policy_attachment",
      "name": "test_eks_pr_1377_posthog_dev_cluster_20230403115346600800000002_policy_AmazonEKSVPCResourceController",
      "provider": "provider[\"registry.terraform.io/hashicorp/aws\"]",
      "instances": [
        {
          "schema_version": 0,
          "attributes": {
            "id": "test-eks-pr-1377-posthog-dev-cluster-20230403115346600800000002/arn:aws:iam::aws:policy/AmazonEKSVPCResourceController",
            "policy_arn": "arn:aws:iam::aws:policy/AmazonEKSVPCResourceController",
            "role": "test-eks-pr-1377-posthog-dev-cluster-20230403115346600800000002"
          },
          "sensitive_attributes": []
        }
      ]
    },
    {
      "mode": "managed",
      "type": "aws_iam_role_policy_attachment",
      "name": "test_eks_pr_1377_posthog_dev_cluster_autoscaler_policy_test_eks_pr_1377_posthog_dev_worker_autoscaling2023040312045036110000003a",
      "provider": "provider[\"registry.terraform.io/hashicorp/aws\"]",
      "instances": [
        {
          "schema_version": 0,
          "attributes": {
            "id": "test-eks-pr-1377-posthog-dev-cluster-autoscaler/arn:aws:iam::169684386827:policy/test-eks-pr-1377-posthog-dev-worker-autoscaling2023040312045036110000003a",
            "policy_arn": "arn:aws:iam::169684386827:policy/test-eks-pr-1377-posthog-dev-worker-autoscaling2023040312045036110000003a",
            "role": "test-eks-pr-1377-posthog-dev-cluster-autoscaler"
          },
          "sensitive_attributes": []
        }
      ]
    },
    {
      "mode": "managed",
      "type": "aws_iam_role_policy_attachment",
      "name": "test_eks_pr_1377_posthog_dev_ebs_csi_driver_policy_service_role_AmazonEBSCSIDriverPolicy",
      "provider": "provider[\"registry.terraform.io/hashicorp/aws\"]",
      "instances": [
        {
          "schema_version": 0,
          "attributes": {
            "id": "test-eks-pr-1377-posthog-dev-ebs-csi-driver/arn:aws:iam::aws:policy/service-role/AmazonEBSCSIDriverPolicy",
            "policy_arn": "arn:aws:iam::aws:policy/service-role/AmazonEBSCSIDriverPolicy",
            "role": "test-eks-pr-1377-posthog-dev-ebs-csi-driver"
          },
          "sensitive_attributes": []
        }
      ]
    },
    {
      "mode": "managed",
      "type": "aws_iam_role_policy_attachment",
      "name": "test_eks_pr_1377_posthog_dev_ebs_csi_driver_policy_test_eks_pr_1377_posthog_dev_ebs_csi_driver2023040312044958890000002a",
      "provider": "provider[\"registry.terraform.io/hashicorp/aws\"]",
      "instances": [
        {
          "schema_version": 0,
          "attributes": {
            "id": "test-eks-pr-1377-posthog-dev-ebs-csi-driver/arn:aws:iam::169684386827:policy/test-eks-pr-1377-posthog-dev-ebs-csi-driver2023040312044958890000002a",
            "policy_arn": "arn:aws:iam::169684386827:policy/test-eks-pr-1377-posthog-dev-ebs-csi-driver2023040312044958890000002a",
            "role": "test-eks-pr-1377-posthog-dev-ebs-csi-driver"
          },
          "sensitive_attributes": []
        }
      ]
    },
    {
      "mode": "managed",
      "type": "aws_iam_role_policy_attachment",
      "name": "test_eks_pr_1377_posthog_dev_external_dns_policy_test_eks_pr_1377_posthog_dev_external_dns20230403120450150300000039",
      "provider": "provider[\"registry.terraform.io/hashicorp/aws\"]",
      "instances": [
        {
          "schema_version": 0,
          "attributes": {
            "id": "test-eks-pr-1377-posthog-dev-external-dns/arn:aws:iam::169684386827:policy/test-eks-pr-1377-posthog-dev-external-dns20230403120450150300000039",
            "policy_arn": "arn:aws:iam::169684386827:policy/test-eks-pr-1377-posthog-dev-external-dns20230403120450150300000039",
            "role": "test-eks-pr-1377-posthog-dev-external-dns"
          },
          "sensitive_attributes": []
        }
      ]
    },
    {
      "mode": "managed",
      "type": "aws_iam_role_policy_attachment",
      "name": "test_eks_pr_1379_posthog_dev_aws_load_balancer_controller_policy_service_test_eks_pr_1379_posthog_dev_test_eks_pr_1379_posthog_dev_AWSLoadBalancerControllerGlobalIAMPolicy",
      "provider": "provider[\"registry.terraform.io/hashicorp/aws\"]",
      "instances": [
        {
          "schema_version": 0,
          "attributes": {
            "id": "test-eks-pr-1379-posthog-dev-aws-load-balancer-controller/arn:aws:iam::169684386827:policy/service/test-eks-pr-1379-posthog-dev/test-eks-pr-1379-posthog-dev-AWSLoadBalancerControllerGlobalIAMPolicy",
            "policy_arn": "arn:aws:iam::169684386827:policy/service/test-eks-pr-1379-posthog-dev/test-eks-pr-1379-posthog-dev-AWSLoadBalancerControllerGlobalIAMPolicy",
            "role": "test-eks-pr-1379-posthog-dev-aws-load-balancer-controller"
          },
          "sensitive_attributes": []
        }
      ]
    },
    {
      "mode": "managed",
      "type": "aws_iam_role_policy_attachment",
      "name": "test_eks_pr_1379_posthog_dev_cluster_20230324114602000300000003_policy_AmazonEKSClusterPolicy",
      "provider": "provider[\"registry.terraform.io/hashicorp/aws\"]",
      "instances": [
        {
          "schema_version": 0,
          "attributes": {
            "id": "test-eks-pr-1379-posthog-dev-cluster-20230324114602000300000003/arn:aws:iam::aws:policy/AmazonEKSClusterPolicy",
            "policy_arn": "arn:aws:iam::aws:policy/AmazonEKSClusterPolicy",
            "role": "test-eks-pr-1379-posthog-dev-cluster-20230324114602000300000003"
          },
          "sensitive_attributes": []
        }
      ]
    },
    {
      "mode": "managed",
      "type": "aws_iam_role_policy_attachment",
      "name": "test_eks_pr_1379_posthog_dev_cluster_20230324114602000300000003_policy_AmazonEKSVPCResourceController",
      "provider": "provider[\"registry.terraform.io/hashicorp/aws\"]",
      "instances": [
        {
          "schema_version": 0,
          "attributes": {
            "id": "test-eks-pr-1379-posthog-dev-cluster-20230324114602000300000003/arn:aws:iam::aws:policy/AmazonEKSVPCResourceController",
            "policy_arn": "arn:aws:iam::aws:policy/AmazonEKSVPCResourceController",
            "role": "test-eks-pr-1379-posthog-dev-cluster-20230324114602000300000003"
          },
          "sensitive_attributes": []
        }
      ]
    },
    {
      "mode": "managed",
      "type": "aws_iam_role_policy_attachment",
      "name": "test_eks_pr_1379_posthog_dev_cluster_autoscaler_policy_test_eks_pr_1379_posthog_dev_worker_autoscaling2023032411565177690000003a",
      "provider": "provider[\"registry.terraform.io/hashicorp/aws\"]",
      "instances": [
        {
          "schema_version": 0,
          "attributes": {
            "id": "test-eks-pr-1379-posthog-dev-cluster-autoscaler/arn:aws:iam::169684386827:policy/test-eks-pr-1379-posthog-dev-worker-autoscaling2023032411565177690000003a",
            "policy_arn": "arn:aws:iam::169684386827:policy/test-eks-pr-1379-posthog-dev-worker-autoscaling2023032411565177690000003a",
            "role": "test-eks-pr-1379-posthog-dev-cluster-autoscaler"
          },
          "sensitive_attributes": []
        }
      ]
    },
    {
      "mode": "managed",
      "type": "aws_iam_role_policy_attachment",
      "name": "test_eks_pr_1379_posthog_dev_ebs_csi_driver_policy_service_role_AmazonEBSCSIDriverPolicy",
      "provider": "provider[\"registry.terraform.io/hashicorp/aws\"]",
      "instances": [
        {
          "schema_version": 0,
          "attributes": {
            "id": "test-eks-pr-1379-posthog-dev-ebs-csi-driver/arn:aws:iam::aws:policy/service-role/AmazonEBSCSIDriverPolicy",
            "policy_arn": "arn:aws:iam::aws:policy/service-role/AmazonEBSCSIDriverPolicy",
            "role": "test-eks-pr-1379-posthog-dev-ebs-csi-driver"
          },
          "sensitive_attributes": []
        }
      ]
    },
    {
      "mode": "managed",
      "type": "aws_iam_role_policy_attachment",
      "name": "test_eks_pr_1379_posthog_dev_ebs_csi_driver_policy_test_eks_pr_1379_posthog_dev_ebs_csi_driver2023032411565116420000002a",
      "provider": "provider[\"registry.terraform.io/hashicorp/aws\"]",
      "instances": [
        {
          "schema_version": 0,
          "attributes": {
            "id": "test-eks-pr-1379-posthog-dev-ebs-csi-driver/arn:aws:iam::169684386827:policy/test-eks-pr-1379-posthog-dev-ebs-csi-driver2023032411565116420000002a",
            "policy_arn": "arn:aws:iam::169684386827:policy/test-eks-pr-1379-posthog-dev-ebs-csi-driver2023032411565116420000002a",
            "role": "test-eks-pr-1379-posthog-dev-ebs-csi-driver"
          },
          "sensitive_attributes": []
        }
      ]
    },
    {
      "mode": "managed",
      "type": "aws_iam_role_policy_attachment",
      "name": "test_eks_pr_1379_posthog_dev_external_dns_policy_test_eks_pr_1379_posthog_dev_external_dns20230324115651463500000039",
      "provider": "provider[\"registry.terraform.io/hashicorp/aws\"]",
      "instances": [
        {
          "schema_version": 0,
          "attributes": {
            "id": "test-eks-pr-1379-posthog-dev-external-dns/arn:aws:iam::169684386827:policy/test-eks-pr-1379-posthog-dev-external-dns20230324115651463500000039",
            "policy_arn": "arn:aws:iam::169684386827:policy/test-eks-pr-1379-posthog-dev-external-dns20230324115651463500000039",
            "role": "test-eks-pr-1379-posthog-dev-external-dns"
          },
          "sensitive_attributes": []
        }
      ]
    },
    {
      "mode": "managed",
      "type": "aws_iam_role_policy_attachment",
      "name": "test_eks_pr_193_posthog_dev_aws_load_balancer_controller_policy_service_test_eks_pr_193_posthog_dev_test_eks_pr_193_posthog_dev_AWSLoadBalancerControllerGlobalIAMPolicy",
      "provider": "provider[\"registry.terraform.io/hashicorp/aws\"]",
      "instances": [
        {
          "schema_version": 0,
          "attributes": {
            "id": "test-eks-pr-193-posthog-dev-aws-load-balancer-controller/arn:aws:iam::169684386827:policy/service/test-eks-pr-193-posthog-dev/test-eks-pr-193-posthog-dev-AWSLoadBalancerControllerGlobalIAMPolicy",
            "policy_arn": "arn:aws:iam::169684386827:policy/service/test-eks-pr-193-posthog-dev/test-eks-pr-193-posthog-dev-AWSLoadBalancerControllerGlobalIAMPolicy",
            "role": "test-eks-pr-193-posthog-dev-aws-load-balancer-controller"
          },
          "sensitive_attributes": []
        }
      ]
    },
    {
      "mode": "managed",
      "type": "aws_iam_role_policy_attachment",
      "name": "test_eks_pr_193_posthog_dev_cluster_20220523131651400500000003_policy_AmazonEKSClusterPolicy",
      "provider": "provider[\"registry.terraform.io/hashicorp/aws\"]",
      "instances": [
        {
          "schema_version": 0,
          "attributes": {
            "id": "test-eks-pr-193-posthog-dev-cluster-20220523131651400500000003/arn:aws:iam::aws:policy/AmazonEKSClusterPolicy",
            "policy_arn": "arn:aws:iam::aws:policy/AmazonEKSClusterPolicy",
            "role": "test-eks-pr-193-posthog-dev-cluster-20220523131651400500000003"
          },
          "sensitive_attributes": []
        }
      ]
    },
    {
      "mode": "managed",
      "type": "aws_iam_role_policy_attachment",
      "name": "test_eks_pr_193_posthog_dev_cluster_20220523131651400500000003_policy_AmazonEKSVPCResourceController",
      "provider": "provider[\"registry.terraform.io/hashicorp/aws\"]",
      "instances": [
        {
          "schema_version": 0,
          "attributes": {
            "id": "test-eks-pr-193-posthog-dev-cluster-20220523131651400500000003/arn:aws:iam::aws:policy/AmazonEKSVPCResourceController",
            "policy_arn": "arn:aws:iam::aws:policy/AmazonEKSVPCResourceController",
            "role": "test-eks-pr-193-posthog-dev-cluster-20220523131651400500000003"
          },
          "sensitive_attributes": []
        }
      ]
    },
    {
      "mode": "managed",
      "type": "aws_iam_role_policy_attachment",
      "name": "test_eks_pr_193_posthog_dev_cluster_autoscaler_policy_test_eks_pr_193_posthog_dev_worker_autoscaling20220523132654503700000016",
      "provider": "provider[\"registry.terraform.io/hashicorp/aws\"]",
      "instances": [
        {
          "schema_version": 0,
          "attributes": {
            "id": "test-eks-pr-193-posthog-dev-cluster-autoscaler/arn:aws:iam::169684386827:policy/test-eks-pr-193-posthog-dev-worker-autoscaling20220523132654503700000016",
            "policy_arn": "arn:aws:iam::169684386827:policy/test-eks-pr-193-posthog-dev-worker-autoscaling20220523132654503700000016",
            "role": "test-eks-pr-193-posthog-dev-cluster-autoscaler"
          },
          "sensitive_attributes": []
        }
      ]
    },
    {
      "mode": "managed",
      "type": "aws_iam_role_policy_attachment",
      "name": "test_eks_pr_193_posthog_dev_external_dns_policy_test_eks_pr_193_posthog_dev_external_dns20220523132654483100000015",
      "provider": "provider[\"registry.terraform.io/hashicorp/aws\"]",
      "instances": [
        {
          "schema_version": 0,
          "attributes": {
            "id": "test-eks-pr-193-posthog-dev-external-dns/arn:aws:iam::169684386827:policy/test-eks-pr-193-posthog-dev-external-dns20220523132654483100000015",
            "policy_arn": "arn:aws:iam::169684386827:policy/test-eks-pr-193-posthog-dev-external-dns20220523132654483100000015",
            "role": "test-eks-pr-193-posthog-dev-external-dns"
          },
          "sensitive_attributes": []
        }
      ]
    },
    {
      "mode": "managed",
      "type": "aws_iam_role_policy_attachment",
      "name": "test_eks_pr_245_posthog_dev_aws_load_balancer_controller_policy_service_test_eks_pr_245_posthog_dev_test_eks_pr_245_posthog_dev_AWSLoadBalancerControllerGlobalIAMPolicy",
      "provider": "provider[\"registry.terraform.io/hashicorp/aws\"]",
      "instances": [
        {
          "schema_version": 0,
          "attributes": {
            "id": "test-eks-pr-245-posthog-dev-aws-load-balancer-controller/arn:aws:iam::169684386827:policy/service/test-eks-pr-245-posthog-dev/test-eks-pr-245-posthog-dev-AWSLoadBalancerControllerGlobalIAMPolicy",
            "policy_arn": "arn:aws:iam::169684386827:policy/service/test-eks-pr-245-posthog-dev/test-eks-pr-245-posthog-dev-AWSLoadBalancerControllerGlobalIAMPolicy",
            "role": "test-eks-pr-245-posthog-dev-aws-load-balancer-controller"
          },
          "sensitive_attributes": []
        }
      ]
    },
    {
      "mode": "managed",
      "type": "aws_iam_role_policy_attachment",
      "name": "test_eks_pr_245_posthog_dev_cluster_20220602125147921600000001_policy_AmazonEKSClusterPolicy",
      "provider": "provider[\"registry.terraform.io/hashicorp/aws\"]",
      "instances": [
        {
          "schema_version": 0,
          "attributes": {
            "id": "test-eks-pr-245-posthog-dev-cluster-20220602125147921600000001/arn:aws:iam::aws:policy/AmazonEKSClusterPolicy",
            "policy_arn": "arn:aws:iam::aws:policy/AmazonEKSClusterPolicy",
            "role": "test-eks-pr-245-posthog-dev-cluster-20220602125147921600000001"
          },
          "sensitive_attributes": []
        }
      ]
    },
    {
      "mode": "managed",
      "type": "aws_iam_role_policy_attachment",
      "name": "test_eks_pr_245_posthog_dev_cluster_20220602125147921600000001_policy_AmazonEKSVPCResourceController",
      "provider": "provider[\"registry.terraform.io/hashicorp/aws\"]",
      "instances": [
        {
          "schema_version": 0,
          "attributes": {
            "id": "test-eks-pr-245-posthog-dev-cluster-20220602125147921600000001/arn:aws:iam::aws:policy/AmazonEKSVPCResourceController",
            "policy_arn": "arn:aws:iam::aws:policy/AmazonEKSVPCResourceController",
            "role": "test-eks-pr-245-posthog-dev-cluster-20220602125147921600000001"
          },
          "sensitive_attributes": []
        }
      ]
    },
    {
      "mode": "managed",
      "type": "aws_iam_role_policy_attachment",
      "name": "test_eks_pr_245_posthog_dev_cluster_autoscaler_policy_test_eks_pr_245_posthog_dev_worker_autoscaling2022060213020007600000000e",
      "provider": "provider[\"registry.terraform.io/hashicorp/aws\"]",
      "instances": [
        {
          "schema_version": 0,
          "attributes": {
            "id": "test-eks-pr-245-posthog-dev-cluster-autoscaler/arn:aws:iam::169684386827:policy/test-eks-pr-245-posthog-dev-worker-autoscaling2022060213020007600000000e",
            "policy_arn": "arn:aws:iam::169684386827:policy/test-eks-pr-245-posthog-dev-worker-autoscaling2022060213020007600000000e",
            "role": "test-eks-pr-245-posthog-dev-cluster-autoscaler"
          },
          "sensitive_attributes": []
        }
      ]
    },
    {
      "mode": "managed",
      "type": "aws_iam_role_policy_attachment",
      "name": "test_eks_pr_245_posthog_dev_external_dns_policy_test_eks_pr_245_posthog_dev_external_dns2022060213020005220000000d",
      "provider": "provider[\"registry.terraform.io/hashicorp/aws\"]",
      "instances": [
        {
          "schema_version": 0,
          "attributes": {
            "id": "test-eks-pr-245-posthog-dev-external-dns/arn:aws:iam::169684386827:policy/test-eks-pr-245-posthog-dev-external-dns2022060213020005220000000d",
            "policy_arn": "arn:aws:iam::169684386827:policy/test-eks-pr-245-posthog-dev-external-dns2022060213020005220000000d",
            "role": "test-eks-pr-245-posthog-dev-external-dns"
          },
          "sensitive_attributes": []
        }
      ]
    },
    {
      "mode": "managed",
      "type": "aws_iam_role_policy_attachment",
      "name": "test_eks_pr_279_posthog_dev_aws_load_balancer_controller_policy_service_test_eks_pr_279_posthog_dev_test_eks_pr_279_posthog_dev_AWSLoadBalancerControllerGlobalIAMPolicy",
      "provider": "provider[\"registry.terraform.io/hashicorp/aws\"]",
      "instances": [
        {
          "schema_version": 0,
          "attributes": {
            "id": "test-eks-pr-279-posthog-dev-aws-load-balancer-controller/arn:aws:iam::169684386827:policy/service/test-eks-pr-279-posthog-dev/test-eks-pr-279-posthog-dev-AWSLoadBalancerControllerGlobalIAMPolicy",
            "policy_arn": "arn:aws:iam::169684386827:policy/service/test-eks-pr-279-posthog-dev/test-eks-pr-279-posthog-dev-AWSLoadBalancerControllerGlobalIAMPolicy",
            "role": "test-eks-pr-279-posthog-dev-aws-load-balancer-controller"
          },
          "sensitive_attributes": []
        }
      ]
    },
    {
      "mode": "managed",
      "type": "aws_iam_role_policy_attachment",
      "name": "test_eks_pr_279_posthog_dev_cluster_20220616115441135200000004_policy_AmazonEKSClusterPolicy",
      "provider": "provider[\"registry.terraform.io/hashicorp/aws\"]",
      "instances": [
        {
          "schema_version": 0,
          "attributes": {
            "id": "test-eks-pr-279-posthog-dev-cluster-20220616115441135200000004/arn:aws:iam::aws:policy/AmazonEKSClusterPolicy",
            "policy_arn": "arn:aws:iam::aws:policy/AmazonEKSClusterPolicy",
            "role": "test-eks-pr-279-posthog-dev-cluster-20220616115441135200000004"
          },
          "sensitive_attributes": []
        }
      ]
    },
    {
      "mode": "managed",
      "type": "aws_iam_role_policy_attachment",
      "name": "test_eks_pr_279_posthog_dev_cluster_20220616115441135200000004_policy_AmazonEKSVPCResourceController",
      "provider": "provider[\"registry.terraform.io/hashicorp/aws\"]",
      "instances": [
        {
          "schema_version": 0,
          "attributes": {
            "id": "test-eks-pr-279-posthog-dev-cluster-20220616115441135200000004/arn:aws:iam::aws:policy/AmazonEKSVPCResourceController",
            "policy_arn": "arn:aws:iam::aws:policy/AmazonEKSVPCResourceController",
            "role": "test-eks-pr-279-posthog-dev-cluster-20220616115441135200000004"
          },
          "sensitive_attributes": []
        }
      ]
    },
    {
      "mode": "managed",
      "type": "aws_iam_role_policy_attachment",
      "name": "test_eks_pr_279_posthog_dev_cluster_autoscaler_policy_test_eks_pr_279_posthog_dev_worker_autoscaling2022061612072596630000000e",
      "provider": "provider[\"registry.terraform.io/hashicorp/aws\"]",
      "instances": [
        {
          "schema_version": 0,
          "attributes": {
            "id": "test-eks-pr-279-posthog-dev-cluster-autoscaler/arn:aws:iam::169684386827:policy/test-eks-pr-279-posthog-dev-worker-autoscaling2022061612072596630000000e",
            "policy_arn": "arn:aws:iam::169684386827:policy/test-eks-pr-279-posthog-dev-worker-autoscaling2022061612072596630000000e",
            "role": "test-eks-pr-279-posthog-dev-cluster-autoscaler"
          },
          "sensitive_attributes": []
        }
      ]
    },
    {
      "mode": "managed",
      "type": "aws_iam_role_policy_attachment",
      "name": "test_eks_pr_279_posthog_dev_external_dns_policy_test_eks_pr_279_posthog_dev_external_dns2022061612072594680000000d",
      "provider": "provider[\"registry.terraform.io/hashicorp/aws\"]",
      "instances": [
        {
          "schema_version": 0,
          "attributes": {
            "id": "test-eks-pr-279-posthog-dev-external-dns/arn:aws:iam::169684386827:policy/test-eks-pr-279-posthog-dev-external-dns2022061612072594680000000d",
            "policy_arn": "arn:aws:iam::169684386827:policy/test-eks-pr-279-posthog-dev-external-dns2022061612072594680000000d",
            "role": "test-eks-pr-279-posthog-dev-external-dns"
          },
          "sensitive_attributes": []
        }
      ]
    },
    {
      "mode": "managed",
      "type": "aws_iam_role_policy_attachment",
      "name": "test_eks_pr_458_posthog_dev_aws_load_balancer_controller_policy_service_test_eks_pr_458_posthog_dev_test_eks_pr_458_posthog_dev_AWSLoadBalancerControllerGlobalIAMPolicy",
      "provider": "provider[\"registry.terraform.io/hashicorp/aws\"]",
      "instances": [
        {
          "schema_version": 0,
          "attributes": {
            "id": "test-eks-pr-458-posthog-dev-aws-load-balancer-controller/arn:aws:iam::169684386827:policy/service/test-eks-pr-458-posthog-dev/test-eks-pr-458-posthog-dev-AWSLoadBalancerControllerGlobalIAMPolicy",
            "policy_arn": "arn:aws:iam::169684386827:policy/service/test-eks-pr-458-posthog-dev/test-eks-pr-458-posthog-dev-AWSLoadBalancerControllerGlobalIAMPolicy",
            "role": "test-eks-pr-458-posthog-dev-aws-load-balancer-controller"
          },
          "sensitive_attributes": []
        }
      ]
    },
    {
      "mode": "managed",
      "type": "aws_iam_role_policy_attachment",
      "name": "test_eks_pr_458_posthog_dev_cluster_20220818161915270700000002_policy_AmazonEKSClusterPolicy",
      "provider": "provider[\"registry.terraform.io/hashicorp/aws\"]",
      "instances": [
        {
          "schema_version": 0,
          "attributes": {
            "id": "test-eks-pr-458-posthog-dev-cluster-20220818161915270700000002/arn:aws:iam::aws:policy/AmazonEKSClusterPolicy",
            "policy_arn": "arn:aws:iam::aws:policy/AmazonEKSClusterPolicy",
            "role": "test-eks-pr-458-posthog-dev-cluster-20220818161915270700000002"
          },
          "sensitive_attributes": []
        }
      ]
    },
    {
      "mode": "managed",
      "type": "aws_iam_role_policy_attachment",
      "name": "test_eks_pr_458_posthog_dev_cluster_20220818161915270700000002_policy_AmazonEKSVPCResourceController",
      "provider": "provider[\"registry.terraform.io/hashicorp/aws\"]",
      "instances": [
        {
          "schema_version": 0,
          "attributes": {
            "id": "test-eks-pr-458-posthog-dev-cluster-20220818161915270700000002/arn:aws:iam::aws:policy/AmazonEKSVPCResourceController",
            "policy_arn": "arn:aws:iam::aws:policy/AmazonEKSVPCResourceController",
            "role": "test-eks-pr-458-posthog-dev-cluster-20220818161915270700000002"
          },
          "sensitive_attributes": []
        }
      ]
    },
    {
      "mode": "managed",
      "type": "aws_iam_role_policy_attachment",
      "name": "test_eks_pr_458_posthog_dev_cluster_autoscaler_policy_test_eks_pr_458_posthog_dev_worker_autoscaling2022081816305010710000001c",
      "provider": "provider[\"registry.terraform.io/hashicorp/aws\"]",
      "instances": [
        {
          "schema_version": 0,
          "attributes": {
            "id": "test-eks-pr-458-posthog-dev-cluster-autoscaler/arn:aws:iam::169684386827:policy/test-eks-pr-458-posthog-dev-worker-autoscaling2022081816305010710000001c",
            "policy_arn": "arn:aws:iam::169684386827:policy/test-eks-pr-458-posthog-dev-worker-autoscaling2022081816305010710000001c",
            "role": "test-eks-pr-458-posthog-dev-cluster-autoscaler"
          },
          "sensitive_attributes": []
        }
      ]
    },
    {
      "mode": "managed",
      "type": "aws_iam_role_policy_attachment",
      "name": "test_eks_pr_458_posthog_dev_external_dns_policy_test_eks_pr_458_posthog_dev_external_dns2022081816305008240000001b",
      "provider": "provider[\"registry.terraform.io/hashicorp/aws\"]",
      "instances": [
        {
          "schema_version": 0,
          "attributes": {
            "id": "test-eks-pr-458-posthog-dev-external-dns/arn:aws:iam::169684386827:policy/test-eks-pr-458-posthog-dev-external-dns2022081816305008240000001b",
            "policy_arn": "arn:aws:iam::169684386827:policy/test-eks-pr-458-posthog-dev-external-dns2022081816305008240000001b",
            "role": "test-eks-pr-458-posthog-dev-external-dns"
          },
          "sensitive_attributes": []
        }
      ]
    },
    {
      "mode": "managed",
      "type": "aws_iam_role_policy_attachment",
      "name": "test_eks_pr_687_posthog_dev_aws_load_balancer_controller_policy_service_test_eks_pr_687_posthog_dev_test_eks_pr_687_posthog_dev_AWSLoadBalancerControllerGlobalIAMPolicy",
      "provider": "provider[\"registry.terraform.io/hashicorp/aws\"]",
      "instances": [
        {
          "schema_version": 0,
          "attributes": {
            "id": "test-eks-pr-687-posthog-dev-aws-load-balancer-controller/arn:aws:iam::169684386827:policy/service/test-eks-pr-687-posthog-dev/test-eks-pr-687-posthog-dev-AWSLoadBalancerControllerGlobalIAMPolicy",
            "policy_arn": "arn:aws:iam::169684386827:policy/service/test-eks-pr-687-posthog-dev/test-eks-pr-687-posthog-dev-AWSLoadBalancerControllerGlobalIAMPolicy",
            "role": "test-eks-pr-687-posthog-dev-aws-load-balancer-controller"
          },
          "sensitive_attributes": []
        }
      ]
    },
    {
      "mode": "managed",
      "type": "aws_iam_role_policy_attachment",
      "name": "test_eks_pr_687_posthog_dev_cluster_20221020153002461400000002_policy_AmazonEKSClusterPolicy",
      "provider": "provider[\"registry.terraform.io/hashicorp/aws\"]",
      "instances": [
        {
          "schema_version": 0,
          "attributes": {
            "id": "test-eks-pr-687-posthog-dev-cluster-20221020153002461400000002/arn:aws:iam::aws:policy/AmazonEKSClusterPolicy",
            "policy_arn": "arn:aws:iam::aws:policy/AmazonEKSClusterPolicy",
            "role": "test-eks-pr-687-posthog-dev-cluster-20221020153002461400000002"
          },
          "sensitive_attributes": []
        }
      ]
    },
    {
      "mode": "managed",
      "type": "aws_iam_role_policy_attachment",
      "name": "test_eks_pr_687_posthog_dev_cluster_20221020153002461400000002_policy_AmazonEKSVPCResourceController",
      "provider": "provider[\"registry.terraform.io/hashicorp/aws\"]",
      "instances": [
        {
          "schema_version": 0,
          "attributes": {
            "id": "test-eks-pr-687-posthog-dev-cluster-20221020153002461400000002/arn:aws:iam::aws:policy/AmazonEKSVPCResourceController",
            "policy_arn": "arn:aws:iam::aws:policy/AmazonEKSVPCResourceController",
            "role": "test-eks-pr-687-posthog-dev-cluster-20221020153002461400000002"
          },
          "sensitive_attributes": []
        }
      ]
    },
    {
      "mode": "managed",
      "type": "aws_iam_role_policy_attachment",
      "name": "test_eks_pr_687_posthog_dev_cluster_autoscaler_policy_test_eks_pr_687_posthog_dev_worker_autoscaling2022102015424954200000001d",
      "provider": "provider[\"registry.terraform.io/hashicorp/aws\"]",
      "instances": [
        {
          "schema_version": 0,
          "attributes": {
            "id": "test-eks-pr-687-posthog-dev-cluster-autoscaler/arn:aws:iam::169684386827:policy/test-eks-pr-687-posthog-dev-worker-autoscaling2022102015424954200000001d",
            "policy_arn": "arn:aws:iam::169684386827:policy/test-eks-pr-687-posthog-dev-worker-autoscaling2022102015424954200000001d",
            "role": "test-eks-pr-687-posthog-dev-cluster-autoscaler"
          },
          "sensitive_attributes": []
        }
      ]
    },
    {
      "mode": "managed",
      "type": "aws_iam_role_policy_attachment",
      "name": "test_eks_pr_687_posthog_dev_ebs_csi_driver_policy_service_role_AmazonEBSCSIDriverPolicy",
      "provider": "provider[\"registry.terraform.io/hashicorp/aws\"]",
      "instances": [
        {
          "schema_version": 0,
          "attributes": {
            "id": "test-eks-pr-687-posthog-dev-ebs-csi-driver/arn:aws:iam::aws:policy/service-role/AmazonEBSCSIDriverPolicy",
            "policy_arn": "arn:aws:iam::aws:policy/service-role/AmazonEBSCSIDriverPolicy",
            "role": "test-eks-pr-687-posthog-dev-ebs-csi-driver"
          },
          "sensitive_attributes": []
        }
      ]
    },
    {
      "mode": "managed",
      "type": "aws_iam_role_policy_attachment",
      "name": "test_eks_pr_687_posthog_dev_ebs_csi_driver_policy_test_eks_pr_687_posthog_dev_ebs_csi_driver20221020154249089600000015",
      "provider": "provider[\"registry.terraform.io/hashicorp/aws\"]",
      "instances": [
        {
          "schema_version": 0,
          "attributes": {
            "id": "test-eks-pr-687-posthog-dev-ebs-csi-driver/arn:aws:iam::169684386827:policy/test-eks-pr-687-posthog-dev-ebs-csi-driver20221020154249089600000015",
            "policy_arn": "arn:aws:iam::169684386827:policy/test-eks-pr-687-posthog-dev-ebs-csi-driver20221020154249089600000015",
            "role": "test-eks-pr-687-posthog-dev-ebs-csi-driver"
          },
          "sensitive_attributes": []
        }
      ]
    },
    {
      "mode": "managed",
      "type": "aws_iam_role_policy_attachment",
      "name": "test_eks_pr_687_posthog_dev_external_dns_policy_test_eks_pr_687_posthog_dev_external_dns2022102015424936800000001c",
      "provider": "provider[\"registry.terraform.io/hashicorp/aws\"]",
      "instances": [
        {
          "schema_version": 0,
          "attributes": {
            "id": "test-eks-pr-687-posthog-dev-external-dns/arn:aws:iam::169684386827:policy/test-eks-pr-687-posthog-dev-external-dns2022102015424936800000001c",
            "policy_arn": "arn:aws:iam::169684386827:policy/test-eks-pr-687-posthog-dev-external-dns2022102015424936800000001c",
            "role": "test-eks-pr-687-posthog-dev-external-dns"
          },
          "sensitive_attributes": []
        }
      ]
    },
    {
      "mode": "managed",
      "type": "aws_iam_role_policy_attachment",
      "name": "test_eks_pr_750_posthog_dev_aws_load_balancer_controller_policy_service_test_eks_pr_750_posthog_dev_test_eks_pr_750_posthog_dev_AWSLoadBalancerControllerGlobalIAMPolicy",
      "provider": "provider[\"registry.terraform.io/hashicorp/aws\"]",
      "instances": [
        {
          "schema_version": 0,
          "attributes": {
            "id": "test-eks-pr-750-posthog-dev-aws-load-balancer-controller/arn:aws:iam::169684386827:policy/service/test-eks-pr-750-posthog-dev/test-eks-pr-750-posthog-dev-AWSLoadBalancerControllerGlobalIAMPolicy",
            "policy_arn": "arn:aws:iam::169684386827:policy/service/test-eks-pr-750-posthog-dev/test-eks-pr-750-posthog-dev-AWSLoadBalancerControllerGlobalIAMPolicy",
            "role": "test-eks-pr-750-posthog-dev-aws-load-balancer-controller"
          },
          "sensitive_attributes": []
        }
      ]
    },
    {
      "mode": "managed",
      "type": "aws_iam_role_policy_attachment",
      "name": "test_eks_pr_750_posthog_dev_cluster_20221102203256974100000003_policy_AmazonEKSClusterPolicy",
      "provider": "provider[\"registry.terraform.io/hashicorp/aws\"]",
      "instances": [
        {
          "schema_version": 0,
          "attributes": {
            "id": "test-eks-pr-750-posthog-dev-cluster-20221102203256974100000003/arn:aws:iam::aws:policy/AmazonEKSClusterPolicy",
            "policy_arn": "arn:aws:iam::aws:policy/AmazonEKSClusterPolicy",
            "role": "test-eks-pr-750-posthog-dev-cluster-20221102203256974100000003"
          },
          "sensitive_attributes": []
        }
      ]
    },
    {
      "mode": "managed",
      "type": "aws_iam_role_policy_attachment",
      "name": "test_eks_pr_750_posthog_dev_cluster_20221102203256974100000003_policy_AmazonEKSVPCResourceController",
      "provider": "provider[\"registry.terraform.io/hashicorp/aws\"]",
      "instances": [
        {
          "schema_version": 0,
          "attributes": {
            "id": "test-eks-pr-750-posthog-dev-cluster-20221102203256974100000003/arn:aws:iam::aws:policy/AmazonEKSVPCResourceController",
            "policy_arn": "arn:aws:iam::aws:policy/AmazonEKSVPCResourceController",
            "role": "test-eks-pr-750-posthog-dev-cluster-20221102203256974100000003"
          },
          "sensitive_attributes": []
        }
      ]
    },
    {
      "mode": "managed",
      "type": "aws_iam_role_policy_attachment",
      "name": "test_eks_pr_750_posthog_dev_cluster_autoscaler_policy_test_eks_pr_750_posthog_dev_worker_autoscaling2022110220454586770000001d",
      "provider": "provider[\"registry.terraform.io/hashicorp/aws\"]",
      "instances": [
        {
          "schema_version": 0,
          "attributes": {
            "id": "test-eks-pr-750-posthog-dev-cluster-autoscaler/arn:aws:iam::169684386827:policy/test-eks-pr-750-posthog-dev-worker-autoscaling2022110220454586770000001d",
            "policy_arn": "arn:aws:iam::169684386827:policy/test-eks-pr-750-posthog-dev-worker-autoscaling2022110220454586770000001d",
            "role": "test-eks-pr-750-posthog-dev-cluster-autoscaler"
          },
          "sensitive_attributes": []
        }
      ]
    },
    {
      "mode": "managed",
      "type": "aws_iam_role_policy_attachment",
      "name": "test_eks_pr_750_posthog_dev_ebs_csi_driver_policy_service_role_AmazonEBSCSIDriverPolicy",
      "provider": "provider[\"registry.terraform.io/hashicorp/aws\"]",
      "instances": [
        {
          "schema_version": 0,
          "attributes": {
            "id": "test-eks-pr-750-posthog-dev-ebs-csi-driver/arn:aws:iam::aws:policy/service-role/AmazonEBSCSIDriverPolicy",
            "policy_arn": "arn:aws:iam::aws:policy/service-role/AmazonEBSCSIDriverPolicy",
            "role": "test-eks-pr-750-posthog-dev-ebs-csi-driver"
          },
          "sensitive_attributes": []
        }
      ]
    },
    {
      "mode": "managed",
      "type": "aws_iam_role_policy_attachment",
      "name": "test_eks_pr_750_posthog_dev_ebs_csi_driver_policy_test_eks_pr_750_posthog_dev_ebs_csi_driver20221102204545409600000015",
      "provider": "provider[\"registry.terraform.io/hashicorp/aws\"]",
      "instances": [
        {
          "schema_version": 0,
          "attributes": {
            "id": "test-eks-pr-750-posthog-dev-ebs-csi-driver/arn:aws:iam::169684386827:policy/test-eks-pr-750-posthog-dev-ebs-csi-driver20221102204545409600000015",
            "policy_arn": "arn:aws:iam::169684386827:policy/test-eks-pr-750-posthog-dev-ebs-csi-driver20221102204545409600000015",
            "role": "test-eks-pr-750-posthog-dev-ebs-csi-driver"
          },
          "sensitive_attributes": []
        }
      ]
    },
    {
      "mode": "managed",
      "type": "aws_iam_role_policy_attachment",
      "name": "test_eks_pr_750_posthog_dev_external_dns_policy_test_eks_pr_750_posthog_dev_external_dns2022110220454583930000001c",
      "provider": "provider[\"registry.terraform.io/hashicorp/aws\"]",
      "instances": [
        {
          "schema_version": 0,
          "attributes": {
            "id": "test-eks-pr-750-posthog-dev-external-dns/arn:aws:iam::169684386827:policy/test-eks-pr-750-posthog-dev-external-dns2022110220454583930000001c",
            "policy_arn": "arn:aws:iam::169684386827:policy/test-eks-pr-750-posthog-dev-external-dns2022110220454583930000001c",
            "role": "test-eks-pr-750-posthog-dev-external-dns"
          },
          "sensitive_attributes": []
        }
      ]
    },
    {
      "mode": "managed",
      "type": "aws_iam_role_policy_attachment",
      "name": "test_eks_pr_777_posthog_dev_aws_load_balancer_controller_policy_service_test_eks_pr_777_posthog_dev_test_eks_pr_777_posthog_dev_AWSLoadBalancerControllerGlobalIAMPolicy",
      "provider": "provider[\"registry.terraform.io/hashicorp/aws\"]",
      "instances": [
        {
          "schema_version": 0,
          "attributes": {
            "id": "test-eks-pr-777-posthog-dev-aws-load-balancer-controller/arn:aws:iam::169684386827:policy/service/test-eks-pr-777-posthog-dev/test-eks-pr-777-posthog-dev-AWSLoadBalancerControllerGlobalIAMPolicy",
            "policy_arn": "arn:aws:iam::169684386827:policy/service/test-eks-pr-777-posthog-dev/test-eks-pr-777-posthog-dev-AWSLoadBalancerControllerGlobalIAMPolicy",
            "role": "test-eks-pr-777-posthog-dev-aws-load-balancer-controller"
          },
          "sensitive_attributes": []
        }
      ]
    },
    {
      "mode": "managed",
      "type": "aws_iam_role_policy_attachment",
      "name": "test_eks_pr_777_posthog_dev_cluster_20221110172120366000000001_policy_AmazonEKSClusterPolicy",
      "provider": "provider[\"registry.terraform.io/hashicorp/aws\"]",
      "instances": [
        {
          "schema_version": 0,
          "attributes": {
            "id": "test-eks-pr-777-posthog-dev-cluster-20221110172120366000000001/arn:aws:iam::aws:policy/AmazonEKSClusterPolicy",
            "policy_arn": "arn:aws:iam::aws:policy/AmazonEKSClusterPolicy",
            "role": "test-eks-pr-777-posthog-dev-cluster-20221110172120366000000001"
          },
          "sensitive_attributes": []
        }
      ]
    },
    {
      "mode": "managed",
      "type": "aws_iam_role_policy_attachment",
      "name": "test_eks_pr_777_posthog_dev_cluster_20221110172120366000000001_policy_AmazonEKSVPCResourceController",
      "provider": "provider[\"registry.terraform.io/hashicorp/aws\"]",
      "instances": [
        {
          "schema_version": 0,
          "attributes": {
            "id": "test-eks-pr-777-posthog-dev-cluster-20221110172120366000000001/arn:aws:iam::aws:policy/AmazonEKSVPCResourceController",
            "policy_arn": "arn:aws:iam::aws:policy/AmazonEKSVPCResourceController",
            "role": "test-eks-pr-777-posthog-dev-cluster-20221110172120366000000001"
          },
          "sensitive_attributes": []
        }
      ]
    },
    {
      "mode": "managed",
      "type": "aws_iam_role_policy_attachment",
      "name": "test_eks_pr_777_posthog_dev_cluster_autoscaler_policy_test_eks_pr_777_posthog_dev_worker_autoscaling2022111017353672430000001d",
      "provider": "provider[\"registry.terraform.io/hashicorp/aws\"]",
      "instances": [
        {
          "schema_version": 0,
          "attributes": {
            "id": "test-eks-pr-777-posthog-dev-cluster-autoscaler/arn:aws:iam::169684386827:policy/test-eks-pr-777-posthog-dev-worker-autoscaling2022111017353672430000001d",
            "policy_arn": "arn:aws:iam::169684386827:policy/test-eks-pr-777-posthog-dev-worker-autoscaling2022111017353672430000001d",
            "role": "test-eks-pr-777-posthog-dev-cluster-autoscaler"
          },
          "sensitive_attributes": []
        }
      ]
    },
    {
      "mode": "managed",
      "type": "aws_iam_role_policy_attachment",
      "name": "test_eks_pr_777_posthog_dev_ebs_csi_driver_policy_service_role_AmazonEBSCSIDriverPolicy",
      "provider": "provider[\"registry.terraform.io/hashicorp/aws\"]",
      "instances": [
        {
          "schema_version": 0,
          "attributes": {
            "id": "test-eks-pr-777-posthog-dev-ebs-csi-driver/arn:aws:iam::aws:policy/service-role/AmazonEBSCSIDriverPolicy",
            "policy_arn": "arn:aws:iam::aws:policy/service-role/AmazonEBSCSIDriverPolicy",
            "role": "test-eks-pr-777-posthog-dev-ebs-csi-driver"
          },
          "sensitive_attributes": []
        }
      ]
    },
    {
      "mode": "managed",
      "type": "aws_iam_role_policy_attachment",
      "name": "test_eks_pr_777_posthog_dev_ebs_csi_driver_policy_test_eks_pr_777_posthog_dev_ebs_csi_driver20221110173536375100000015",
      "provider": "provider[\"registry.terraform.io/hashicorp/aws\"]",
      "instances": [
        {
          "schema_version": 0,
          "attributes": {
            "id": "test-eks-pr-777-posthog-dev-ebs-csi-driver/arn:aws:iam::169684386827:policy/test-eks-pr-777-posthog-dev-ebs-csi-driver20221110173536375100000015",
            "policy_arn": "arn:aws:iam::169684386827:policy/test-eks-pr-777-posthog-dev-ebs-csi-driver20221110173536375100000015",
            "role": "test-eks-pr-777-posthog-dev-ebs-csi-driver"
          },
          "sensitive_attributes": []
        }
      ]
    },
    {
      "mode": "managed",
      "type": "aws_iam_role_policy_attachment",
      "name": "test_eks_pr_777_posthog_dev_external_dns_policy_test_eks_pr_777_posthog_dev_external_dns2022111017353662040000001c",
      "provider": "provider[\"registry.terraform.io/hashicorp/aws\"]",
      "instances": [
        {
          "schema_version": 0,
          "attributes": {
            "id": "test-eks-pr-777-posthog-dev-external-dns/arn:aws:iam::169684386827:policy/test-eks-pr-777-posthog-dev-external-dns2022111017353662040000001c",
            "policy_arn": "arn:aws:iam::169684386827:policy/test-eks-pr-777-posthog-dev-external-dns2022111017353662040000001c",
            "role": "test-eks-pr-777-posthog-dev-external-dns"
          },
          "sensitive_attributes": []
        }
      ]
    },
    {
      "mode": "managed",
      "type": "aws_iam_role_policy_attachment",
      "name": "test_eks_pr_788_posthog_dev_cluster_20221115143713688800000002_policy_AmazonEKSClusterPolicy",
      "provider": "provider[\"registry.terraform.io/hashicorp/aws\"]",
      "instances": [
        {
          "schema_version": 0,
          "attributes": {
            "id": "test-eks-pr-788-posthog-dev-cluster-20221115143713688800000002/arn:aws:iam::aws:policy/AmazonEKSClusterPolicy",
            "policy_arn": "arn:aws:iam::aws:policy/AmazonEKSClusterPolicy",
            "role": "test-eks-pr-788-posthog-dev-cluster-20221115143713688800000002"
          },
          "sensitive_attributes": []
        }
      ]
    },
    {
      "mode": "managed",
      "type": "aws_iam_role_policy_attachment",
      "name": "test_eks_pr_788_posthog_dev_cluster_20221115143713688800000002_policy_AmazonEKSVPCResourceController",
      "provider": "provider[\"registry.terraform.io/hashicorp/aws\"]",
      "instances": [
        {
          "schema_version": 0,
          "attributes": {
            "id": "test-eks-pr-788-posthog-dev-cluster-20221115143713688800000002/arn:aws:iam::aws:policy/AmazonEKSVPCResourceController",
            "policy_arn": "arn:aws:iam::aws:policy/AmazonEKSVPCResourceController",
            "role": "test-eks-pr-788-posthog-dev-cluster-20221115143713688800000002"
          },
          "sensitive_attributes": []
        }
      ]
    },
    {
      "mode": "managed",
      "type": "aws_iam_role_policy_attachment",
      "name": "test_eks_pr_993_posthog_dev_aws_load_balancer_controller_policy_service_test_eks_pr_993_posthog_dev_test_eks_pr_993_posthog_dev_AWSLoadBalancerControllerGlobalIAMPolicy",
      "provider": "provider[\"registry.terraform.io/hashicorp/aws\"]",
      "instances": [
        {
          "schema_version": 0,
          "attributes": {
            "id": "test-eks-pr-993-posthog-dev-aws-load-balancer-controller/arn:aws:iam::169684386827:policy/service/test-eks-pr-993-posthog-dev/test-eks-pr-993-posthog-dev-AWSLoadBalancerControllerGlobalIAMPolicy",
            "policy_arn": "arn:aws:iam::169684386827:policy/service/test-eks-pr-993-posthog-dev/test-eks-pr-993-posthog-dev-AWSLoadBalancerControllerGlobalIAMPolicy",
            "role": "test-eks-pr-993-posthog-dev-aws-load-balancer-controller"
          },
          "sensitive_attributes": []
        }
      ]
    },
    {
      "mode": "managed",
      "type": "aws_iam_role_policy_attachment",
      "name": "test_eks_pr_993_posthog_dev_cluster_20230124155745013700000002_policy_AmazonEKSClusterPolicy",
      "provider": "provider[\"registry.terraform.io/hashicorp/aws\"]",
      "instances": [
        {
          "schema_version": 0,
          "attributes": {
            "id": "test-eks-pr-993-posthog-dev-cluster-20230124155745013700000002/arn:aws:iam::aws:policy/AmazonEKSClusterPolicy",
            "policy_arn": "arn:aws:iam::aws:policy/AmazonEKSClusterPolicy",
            "role": "test-eks-pr-993-posthog-dev-cluster-20230124155745013700000002"
          },
          "sensitive_attributes": []
        }
      ]
    },
    {
      "mode": "managed",
      "type": "aws_iam_role_policy_attachment",
      "name": "test_eks_pr_993_posthog_dev_cluster_20230124155745013700000002_policy_AmazonEKSVPCResourceController",
      "provider": "provider[\"registry.terraform.io/hashicorp/aws\"]",
      "instances": [
        {
          "schema_version": 0,
          "attributes": {
            "id": "test-eks-pr-993-posthog-dev-cluster-20230124155745013700000002/arn:aws:iam::aws:policy/AmazonEKSVPCResourceController",
            "policy_arn": "arn:aws:iam::aws:policy/AmazonEKSVPCResourceController",
            "role": "test-eks-pr-993-posthog-dev-cluster-20230124155745013700000002"
          },
          "sensitive_attributes": []
        }
      ]
    },
    {
      "mode": "managed",
      "type": "aws_iam_role_policy_attachment",
      "name": "test_eks_pr_993_posthog_dev_cluster_autoscaler_policy_test_eks_pr_993_posthog_dev_worker_autoscaling20230124160938416600000032",
      "provider": "provider[\"registry.terraform.io/hashicorp/aws\"]",
      "instances": [
        {
          "schema_version": 0,
          "attributes": {
            "id": "test-eks-pr-993-posthog-dev-cluster-autoscaler/arn:aws:iam::169684386827:policy/test-eks-pr-993-posthog-dev-worker-autoscaling20230124160938416600000032",
            "policy_arn": "arn:aws:iam::169684386827:policy/test-eks-pr-993-posthog-dev-worker-autoscaling20230124160938416600000032",
            "role": "test-eks-pr-993-posthog-dev-cluster-autoscaler"
          },
          "sensitive_attributes": []
        }
      ]
    },
    {
      "mode": "managed",
      "type": "aws_iam_role_policy_attachment",
      "name": "test_eks_pr_993_posthog_dev_ebs_csi_driver_policy_service_role_AmazonEBSCSIDriverPolicy",
      "provider": "provider[\"registry.terraform.io/hashicorp/aws\"]",
      "instances": [
        {
          "schema_version": 0,
          "attributes": {
            "id": "test-eks-pr-993-posthog-dev-ebs-csi-driver/arn:aws:iam::aws:policy/service-role/AmazonEBSCSIDriverPolicy",
            "policy_arn": "arn:aws:iam::aws:policy/service-role/AmazonEBSCSIDriverPolicy",
            "role": "test-eks-pr-993-posthog-dev-ebs-csi-driver"
          },
          "sensitive_attributes": []
        }
      ]
    },
    {
      "mode": "managed",
      "type": "aws_iam_role_policy_attachment",
      "name": "test_eks_pr_993_posthog_dev_ebs_csi_driver_policy_test_eks_pr_993_posthog_dev_ebs_csi_driver20230124160937644100000024",
      "provider": "provider[\"registry.terraform.io/hashicorp/aws\"]",
      "instances": [
        {
          "schema_version": 0,
          "attributes": {
            "id": "test-eks-pr-993-posthog-dev-ebs-csi-driver/arn:aws:iam::169684386827:policy/test-eks-pr-993-posthog-dev-ebs-csi-driver20230124160937644100000024",
            "policy_arn": "arn:aws:iam::169684386827:policy/test-eks-pr-993-posthog-dev-ebs-csi-driver20230124160937644100000024",
            "role": "test-eks-pr-993-posthog-dev-ebs-csi-driver"
          },
          "sensitive_attributes": []
        }
      ]
    },
    {
      "mode": "managed",
      "type": "aws_iam_role_policy_attachment",
      "name": "test_eks_pr_993_posthog_dev_external_dns_policy_test_eks_pr_993_posthog_dev_external_dns20230124160938054400000031",
      "provider": "provider[\"registry.terraform.io/hashicorp/aws\"]",
      "instances": [
        {
          "schema_version": 0,
          "attributes": {
            "id": "test-eks-pr-993-posthog-dev-external-dns/arn:aws:iam::169684386827:policy/test-eks-pr-993-posthog-dev-external-dns20230124160938054400000031",
            "policy_arn": "arn:aws:iam::169684386827:policy/test-eks-pr-993-posthog-dev-external-dns20230124160938054400000031",
            "role": "test-eks-pr-993-posthog-dev-external-dns"
          },
          "sensitive_attributes": []
        }
      ]
    },
    {
      "mode": "managed",
      "type": "aws_iam_saml_provider",
      "name": "AWSSSO_c3353b8cf127d54f_DO_NOT_DELETE",
      "provider": "provider[\"registry.terraform.io/hashicorp/aws\"]",
      "instances": [
        {
          "schema_version": 0,
          "attributes": {
            "arn": "arn:aws:iam::169684386827:saml-provider/AWSSSO_c3353b8cf127d54f_DO_NOT_DELETE",
            "id": "arn:aws:iam::169684386827:saml-provider/AWSSSO_c3353b8cf127d54f_DO_NOT_DELETE",
            "name": "AWSSSO_c3353b8cf127d54f_DO_NOT_DELETE",
            "saml_metadata_document": "\u003c?xml version=\"1.0\" encoding=\"UTF-8\"?\u003e\u003cmd:EntityDescriptor xmlns:md=\"urn:oasis:names:tc:SAML:2.0:metadata\" entityID=\"https://portal.sso.us-east-1.amazonaws.com/saml/assertion/Nzk1NjM3NDcxNTA4X2lucy00MTk4YWFjZWQ1N2M3ZGQ1\"\u003e\n    \u003cmd:IDPSSODescriptor WantAuthnRequestsSigned=\"false\" protocolSupportEnumeration=\"urn:oasis:names:tc:SAML:2.0:protocol\"\u003e\n        \u003cmd:KeyDescriptor use=\"signing\"\u003e\n            \u003cds:KeyInfo xmlns:ds=\"http://www.w3.org/2000/09/xmldsig#\"\u003e\n                \u003cds:X509Data\u003e\n                    \u003cds:X509Certificate\u003eMIIDBjCCAe6gAwIBAgIELtg7NzANBgkqhkiG9w0BAQsFADBFMRYwFAYDVQQDDA1hbWF6b25hd3MuY29tMQ0wCwYDVQQLDARJREFTMQ8wDQYDVQQKDAZBbWF6b24xCzAJBgNVBAYTAlVTMB4XDTIzMDIxNTE5MzI0OVoXDTI4MDIxNTE5MzI0OVowRTEWMBQGA1UEAwwNYW1hem9uYXdzLmNvbTENMAsGA1UECwwESURBUzEPMA0GA1UECgwGQW1hem9uMQswCQYDVQQGEwJVUzCCASIwDQYJKoZIhvcNAQEBBQADggEPADCCAQoCggEBALUpwR646I5C+Gqli3xe80+xNtURK6yot4PLixQxmp+I5EpQWv+xOeOjdTk0JcETWHL6R4Afexw9Bt990jsnM9k6ZIFcZuOPTOON4TT9XaeJ8aJMXEfqaHHUi9+Am1jAou2NVH6PEp3bZ9Qb7sj0879QQ/lFTTC73BBY5c4HJV/ybKVXxAWdMA1xL2p87uSN+ELYfZU6yyiPYLb4h0ZocSVsaebjLRlLnHnCVNe+/h2nlnktnPOhemB5qbUFxXuePfb2RhtQjwRfHJV/4USyraiaTuGcPMBuBHLajadwSXyb1EZccBxWodvRjYjoBch4Gf+sNbr/hmB/rXSb19SJTTMCAwEAATANBgkqhkiG9w0BAQsFAAOCAQEAhVyEr7O07BCLrXtCjOefSpioRJh23pWDQ5FADR+nVF/L/mP6+0T/c/AmOhNYSeMEXO8QD1GffeTo10NEHBIlMZp5DHxFrXaHzfguW3zK0Yt2hUS9zDmWK7XFeQFTQ17amAv/VwFMGR0xdFr5nAxwHEDSonnRZXzTITL1bK/BS9QBU871ivO35gIZlAmPAQxUVP/0hVukiu3G5QGkBN6gWc2Ys7JUojlDcbVoi6XU+uSlhPegijEVoAW5d+zzE+vrf6lZjcd7hHAizmXpG8Z+gCDpis0c5NB0p3eZmws08+ESXeiQzignwKeiaYBdftlVlnAMNfBRF/EpiOgsoyD+dw==\u003c/ds:X509Certificate\u003e\n                \u003c/ds:X509Data\u003e\n            \u003c/ds:KeyInfo\u003e\n        \u003c/md:KeyDescriptor\u003e\n        \u003cmd:SingleLogoutService Binding=\"urn:oasis:names:tc:SAML:2.0:bindings:HTTP-POST\" Location=\"https://portal.sso.us-east-1.amazonaws.com/saml/logout/Nzk1NjM3NDcxNTA4X2lucy00MTk4YWFjZWQ1N2M3ZGQ1\"/\u003e\n        \u003cmd:SingleLogoutService Binding=\"urn:oasis:names:tc:SAML:2.0:bindings:HTTP-Redirect\" Location=\"https://portal.sso.us-east-1.amazonaws.com/saml/logout/Nzk1NjM3NDcxNTA4X2lucy00MTk4YWFjZWQ1N2M3ZGQ1\"/\u003e\n        \u003cmd:NameIDFormat\u003eurn:oasis:names:tc:SAML:2.0:nameid-format:persistent\u003c/md:NameIDFormat\u003e\n        \u003cmd:SingleSignOnService Binding=\"urn:oasis:names:tc:SAML:2.0:bindings:HTTP-POST\" Location=\"https://portal.sso.us-east-1.amazonaws.com/saml/assertion/Nzk1NjM3NDcxNTA4X2lucy00MTk4YWFjZWQ1N2M3ZGQ1\"/\u003e\n        \u003cmd:SingleSignOnService Binding=\"urn:oasis:names:tc:SAML:2.0:bindings:HTTP-Redirect\" Location=\"https://portal.sso.us-east-1.amazonaws.com/saml/assertion/Nzk1NjM3NDcxNTA4X2lucy00MTk4YWFjZWQ1N2M3ZGQ1\"/\u003e\n    \u003c/md:IDPSSODescriptor\u003e\n\u003c/md:EntityDescriptor\u003e\n",
            "tags": {},
            "tags_all": {},
            "valid_until": "2123-02-15T19:32:49Z"
          },
          "sensitive_attributes": []
        }
      ]
    },
    {
      "mode": "managed",
      "type": "aws_iam_user",
      "name": "airbyte_hackathon",
      "provider": "provider[\"registry.terraform.io/hashicorp/aws\"]",
      "instances": [
        {
          "schema_version": 0,
          "attributes": {
            "arn": "arn:aws:iam::169684386827:user/airbyte-hackathon",
            "force_destroy": null,
            "id": "airbyte-hackathon",
            "name": "airbyte-hackathon",
            "path": "/",
            "permissions_boundary": null,
            "tags": {
              "Environment": "dev",
              "ManagedByTerraform": "true",
              "Region": "us-east-1"
            },
            "tags_all": {
              "Environment": "dev",
              "ManagedByTerraform": "true",
              "Region": "us-east-1"
            },
            "unique_id": "AIDASPAP2IQF3TK47H6CH"
          },
          "sensitive_attributes": []
        }
      ]
    },
    {
      "mode": "managed",
      "type": "aws_iam_user",
      "name": "dev_smtp_user",
      "provider": "provider[\"registry.terraform.io/hashicorp/aws\"]",
      "instances": [
        {
          "schema_version": 0,
          "attributes": {
            "arn": "arn:aws:iam::169684386827:user/dev-smtp-user",
            "force_destroy": null,
            "id": "dev-smtp-user",
            "name": "dev-smtp-user",
            "path": "/",
            "permissions_boundary": null,
            "tags": {
              "Environment": "dev",
              "ManagedByTerraform": "true",
              "Region": "us-east-1"
            },
            "tags_all": {
              "Environment": "dev",
              "ManagedByTerraform": "true",
              "Region": "us-east-1"
            },
            "unique_id": "AIDASPAP2IQFV327ZUMEB"
          },
          "sensitive_attributes": []
        }
      ]
    },
    {
      "mode": "managed",
      "type": "aws_iam_user",
      "name": "posthog_app",
      "provider": "provider[\"registry.terraform.io/hashicorp/aws\"]",
      "instances": [
        {
          "schema_version": 0,
          "attributes": {
            "arn": "arn:aws:iam::169684386827:user/system/posthog-app",
            "force_destroy": null,
            "id": "posthog-app",
            "name": "posthog-app",
            "path": "/system/",
            "permissions_boundary": null,
            "tags": {
              "Environment": "dev",
              "ManagedByTerraform": "true",
              "Region": "us-east-1"
            },
            "tags_all": {
              "Environment": "dev",
              "ManagedByTerraform": "true",
              "Region": "us-east-1"
            },
            "unique_id": "AIDASPAP2IQFZXIE5TUJA"
          },
          "sensitive_attributes": []
        }
      ]
    },
    {
      "mode": "managed",
      "type": "aws_iam_user",
      "name": "s3disk",
      "provider": "provider[\"registry.terraform.io/hashicorp/aws\"]",
      "instances": [
        {
          "schema_version": 0,
          "attributes": {
            "arn": "arn:aws:iam::169684386827:user/s3disk",
            "force_destroy": null,
            "id": "s3disk",
            "name": "s3disk",
            "path": "/",
            "permissions_boundary": null,
            "tags": {
              "Environment": "dev",
              "ManagedByTerraform": "true",
              "Region": "us-east-1"
            },
            "tags_all": {
              "Environment": "dev",
              "ManagedByTerraform": "true",
              "Region": "us-east-1"
            },
            "unique_id": "AIDASPAP2IQF2AJVFAHDI"
          },
          "sensitive_attributes": []
        }
      ]
    },
    {
      "mode": "managed",
      "type": "aws_iam_user",
      "name": "xvello_export_test",
      "provider": "provider[\"registry.terraform.io/hashicorp/aws\"]",
      "instances": [
        {
          "schema_version": 0,
          "attributes": {
            "arn": "arn:aws:iam::169684386827:user/xvello-export-test",
            "force_destroy": null,
            "id": "xvello-export-test",
            "name": "xvello-export-test",
            "path": "/",
            "permissions_boundary": null,
            "tags": {
              "AKIASPAP2IQFSVX5GGNP": "xvello-export-test",
              "owner": "xvello"
            },
            "tags_all": {
              "AKIASPAP2IQFSVX5GGNP": "xvello-export-test",
              "owner": "xvello"
            },
            "unique_id": "AIDASPAP2IQFUKDQS2EU4"
          },
          "sensitive_attributes": []
        }
      ]
    },
    {
      "mode": "managed",
      "type": "aws_iam_user_policy",
      "name": "posthog_app_posthog_app_s3",
      "provider": "provider[\"registry.terraform.io/hashicorp/aws\"]",
      "instances": [
        {
          "schema_version": 0,
          "attributes": {
            "id": "posthog-app:posthog-app-s3",
            "name": "posthog-app-s3",
            "name_prefix": null,
            "policy": "{\"Version\": \"2012-10-17\", \"Statement\": [{\"Action\": [\"s3:GetObject\", \"s3:GetObjectAcl\", \"s3:PutObject\", \"s3:DeleteObject\", \"s3:ListBucket\"], \"Effect\": \"Allow\", \"Resource\": [\"arn:aws:s3:::posthog-cloud-dev-us-east-1-app-assets\", \"arn:aws:s3:::posthog-cloud-dev-us-east-1-app-assets/*\"]}]}",
            "user": "posthog-app"
          },
          "sensitive_attributes": []
        }
      ]
    },
    {
      "mode": "managed",
      "type": "aws_iam_user_policy_attachment",
      "name": "dev_smtp_user_ses_sender",
      "provider": "provider[\"registry.terraform.io/hashicorp/aws\"]",
      "instances": [
        {
          "schema_version": 0,
          "attributes": {
            "id": "dev-smtp-user_ses_sender",
            "policy_arn": "arn:aws:iam::169684386827:policy/ses_sender",
            "user": "dev-smtp-user"
          },
          "sensitive_attributes": []
        }
      ]
    },
    {
      "mode": "managed",
      "type": "aws_iam_user_policy_attachment",
      "name": "xvello_export_test_xvello_export_test",
      "provider": "provider[\"registry.terraform.io/hashicorp/aws\"]",
      "instances": [
        {
          "schema_version": 0,
          "attributes": {
            "id": "xvello-export-test_xvello-export-test",
            "policy_arn": "arn:aws:iam::169684386827:policy/xvello-export-test",
            "user": "xvello-export-test"
          },
          "sensitive_attributes": []
        }
      ]
    }
  ],
  "check_results": null
}
