{
  "version": 4,
  "terraform_version": "1.3.6",
  "serial": 2,
  "lineage": "",
  "outputs": {},
  "resources": [
    {
      "mode": "managed",
      "type": "aws_autoscaling_group",
      "name": "awseb_e_32xzmdus8p_stack_AWSEBAutoScalingGroup_DG4CSGRX6MCC",
      "provider": "provider[\"registry.terraform.io/hashicorp/aws\"]",
      "instances": [
        {
          "schema_version": 0,
          "attributes": {
            "arn": "arn:aws-us-gov:autoscaling:us-gov-west-1:050779347855:autoScalingGroup:34ea3dfa-07c2-4369-825b-70003f264a52:autoScalingGroupName/awseb-e-32xzmdus8p-stack-AWSEBAutoScalingGroup-DG4CSGRX6MCC",
            "availability_zones": [
              "us-gov-west-1a",
              "us-gov-west-1b",
              "us-gov-west-1c"
            ],
            "capacity_rebalance": false,
            "context": "",
            "default_cooldown": 360,
            "default_instance_warmup": 0,
            "desired_capacity": 1,
            "desired_capacity_type": "",
            "enabled_metrics": [],
            "force_delete": null,
            "force_delete_warm_pool": null,
            "health_check_grace_period": 300,
            "health_check_type": "ELB",
            "id": "awseb-e-32xzmdus8p-stack-AWSEBAutoScalingGroup-DG4CSGRX6MCC",
            "initial_lifecycle_hook": [],
            "instance_refresh": [],
            "launch_configuration": "awseb-e-32xzmdus8p-stack-AWSEBAutoScalingLaunchConfiguration-AIUVRKAPP9Z2",
            "launch_template": [],
            "load_balancers": [],
            "max_instance_lifetime": 0,
            "max_size": 4,
            "metrics_granularity": "1Minute",
            "min_elb_capacity": null,
            "min_size": 1,
            "mixed_instances_policy": [],
            "name": "awseb-e-32xzmdus8p-stack-AWSEBAutoScalingGroup-DG4CSGRX6MCC",
            "name_prefix": "",
            "placement_group": "",
            "protect_from_scale_in": false,
            "service_linked_role_arn": "arn:aws-us-gov:iam::050779347855:role/aws-service-role/autoscaling.amazonaws.com/AWSServiceRoleForAutoScaling",
            "suspended_processes": [],
            "tag": [
              {
                "key": "Name",
                "propagate_at_launch": true,
                "value": "services-gateway-blue"
              },
              {
                "key": "elasticbeanstalk:environment-id",
                "propagate_at_launch": true,
                "value": "e-32xzmdus8p"
              },
              {
                "key": "elasticbeanstalk:environment-name",
                "propagate_at_launch": true,
                "value": "services-gateway-blue"
              }
            ],
            "tags": null,
            "target_group_arns": [
              "arn:aws-us-gov:elasticloadbalancing:us-gov-west-1:050779347855:targetgroup/awseb-AWSEB-G1E58SI6K9GH/57dd0460a8d71d56",
              "arn:aws-us-gov:elasticloadbalancing:us-gov-west-1:050779347855:targetgroup/awseb-https-1T75SCD09HAAM/7147a3a89ea4829a"
            ],
            "termination_policies": [],
            "timeouts": null,
            "vpc_zone_identifier": [
              "subnet-04e27b7af0a76d7ee",
              "subnet-05203dc92b0823553",
              "subnet-096303542f2113a20"
            ],
            "wait_for_capacity_timeout": null,
            "wait_for_elb_capacity": null,
            "warm_pool": []
          },
          "sensitive_attributes": []
        }
      ]
    },
    {
      "mode": "managed",
      "type": "aws_autoscaling_group",
      "name": "awseb_e_3evreti3za_stack_AWSEBAutoScalingGroup_1B0EJVZQ6UQV9",
      "provider": "provider[\"registry.terraform.io/hashicorp/aws\"]",
      "instances": [
        {
          "schema_version": 0,
          "attributes": {
            "arn": "arn:aws-us-gov:autoscaling:us-gov-west-1:050779347855:autoScalingGroup:9394b751-fe4a-48fc-81ce-590844ef7e7c:autoScalingGroupName/awseb-e-3evreti3za-stack-AWSEBAutoScalingGroup-1B0EJVZQ6UQV9",
            "availability_zones": [
              "us-gov-west-1a",
              "us-gov-west-1b",
              "us-gov-west-1c"
            ],
            "capacity_rebalance": false,
            "context": "",
            "default_cooldown": 360,
            "default_instance_warmup": 0,
            "desired_capacity": 1,
            "desired_capacity_type": "",
            "enabled_metrics": [],
            "force_delete": null,
            "force_delete_warm_pool": null,
            "health_check_grace_period": 300,
            "health_check_type": "ELB",
            "id": "awseb-e-3evreti3za-stack-AWSEBAutoScalingGroup-1B0EJVZQ6UQV9",
            "initial_lifecycle_hook": [],
            "instance_refresh": [],
            "launch_configuration": "awseb-e-3evreti3za-stack-AWSEBAutoScalingLaunchConfiguration-1IZMOD8GEXDFX",
            "launch_template": [],
            "load_balancers": [],
            "max_instance_lifetime": 0,
            "max_size": 4,
            "metrics_granularity": "1Minute",
            "min_elb_capacity": null,
            "min_size": 1,
            "mixed_instances_policy": [],
            "name": "awseb-e-3evreti3za-stack-AWSEBAutoScalingGroup-1B0EJVZQ6UQV9",
            "name_prefix": "",
            "placement_group": "",
            "protect_from_scale_in": false,
            "service_linked_role_arn": "arn:aws-us-gov:iam::050779347855:role/aws-service-role/autoscaling.amazonaws.com/AWSServiceRoleForAutoScaling",
            "suspended_processes": [],
            "tag": [
              {
                "key": "Name",
                "propagate_at_launch": true,
                "value": "collaboration-person-blue"
              },
              {
                "key": "elasticbeanstalk:environment-id",
                "propagate_at_launch": true,
                "value": "e-3evreti3za"
              },
              {
                "key": "elasticbeanstalk:environment-name",
                "propagate_at_launch": true,
                "value": "collaboration-person-blue"
              }
            ],
            "tags": null,
            "target_group_arns": [
              "arn:aws-us-gov:elasticloadbalancing:us-gov-west-1:050779347855:targetgroup/awseb-AWSEB-32EBDCVNET6O/3e86dcafe546447e",
              "arn:aws-us-gov:elasticloadbalancing:us-gov-west-1:050779347855:targetgroup/awseb-https-WOEYX76SD8A1/b65166bdc08fafbd"
            ],
            "termination_policies": [],
            "timeouts": null,
            "vpc_zone_identifier": [
              "subnet-04e27b7af0a76d7ee",
              "subnet-05203dc92b0823553",
              "subnet-096303542f2113a20"
            ],
            "wait_for_capacity_timeout": null,
            "wait_for_elb_capacity": null,
            "warm_pool": []
          },
          "sensitive_attributes": []
        }
      ]
    },
    {
      "mode": "managed",
      "type": "aws_autoscaling_group",
      "name": "awseb_e_59p3bpnwec_stack_AWSEBAutoScalingGroup_1ON4K0NW5K7WO",
      "provider": "provider[\"registry.terraform.io/hashicorp/aws\"]",
      "instances": [
        {
          "schema_version": 0,
          "attributes": {
            "arn": "arn:aws-us-gov:autoscaling:us-gov-west-1:050779347855:autoScalingGroup:b89a1b40-6427-49c9-9a91-9c66baffabf2:autoScalingGroupName/awseb-e-59p3bpnwec-stack-AWSEBAutoScalingGroup-1ON4K0NW5K7WO",
            "availability_zones": [
              "us-gov-west-1a",
              "us-gov-west-1b",
              "us-gov-west-1c"
            ],
            "capacity_rebalance": false,
            "context": "",
            "default_cooldown": 360,
            "default_instance_warmup": 0,
            "desired_capacity": 1,
            "desired_capacity_type": "",
            "enabled_metrics": [],
            "force_delete": null,
            "force_delete_warm_pool": null,
            "health_check_grace_period": 300,
            "health_check_type": "ELB",
            "id": "awseb-e-59p3bpnwec-stack-AWSEBAutoScalingGroup-1ON4K0NW5K7WO",
            "initial_lifecycle_hook": [],
            "instance_refresh": [],
            "launch_configuration": "awseb-e-59p3bpnwec-stack-AWSEBAutoScalingLaunchConfiguration-6EI6C0VEZV2D",
            "launch_template": [],
            "load_balancers": [],
            "max_instance_lifetime": 0,
            "max_size": 4,
            "metrics_granularity": "1Minute",
            "min_elb_capacity": null,
            "min_size": 1,
            "mixed_instances_policy": [],
            "name": "awseb-e-59p3bpnwec-stack-AWSEBAutoScalingGroup-1ON4K0NW5K7WO",
            "name_prefix": "",
            "placement_group": "",
            "protect_from_scale_in": false,
            "service_linked_role_arn": "arn:aws-us-gov:iam::050779347855:role/aws-service-role/autoscaling.amazonaws.com/AWSServiceRoleForAutoScaling",
            "suspended_processes": [],
            "tag": [
              {
                "key": "Name",
                "propagate_at_launch": true,
                "value": "learner-web-ui-gateway-blue"
              },
              {
                "key": "elasticbeanstalk:environment-id",
                "propagate_at_launch": true,
                "value": "e-59p3bpnwec"
              },
              {
                "key": "elasticbeanstalk:environment-name",
                "propagate_at_launch": true,
                "value": "learner-web-ui-gateway-blue"
              }
            ],
            "tags": null,
            "target_group_arns": [
              "arn:aws-us-gov:elasticloadbalancing:us-gov-west-1:050779347855:targetgroup/awseb-AWSEB-DRJX2I75DDGD/ba2456c6dc68b7d0",
              "arn:aws-us-gov:elasticloadbalancing:us-gov-west-1:050779347855:targetgroup/awseb-https-JRUKW21HVQNJ/6d4c136043ff5bab"
            ],
            "termination_policies": [],
            "timeouts": null,
            "vpc_zone_identifier": [
              "subnet-04e27b7af0a76d7ee",
              "subnet-05203dc92b0823553",
              "subnet-096303542f2113a20"
            ],
            "wait_for_capacity_timeout": null,
            "wait_for_elb_capacity": null,
            "warm_pool": []
          },
          "sensitive_attributes": []
        }
      ]
    },
    {
      "mode": "managed",
      "type": "aws_autoscaling_group",
      "name": "awseb_e_bmqqxwyjst_stack_AWSEBAutoScalingGroup_LJXY7KQWBLXK",
      "provider": "provider[\"registry.terraform.io/hashicorp/aws\"]",
      "instances": [
        {
          "schema_version": 0,
          "attributes": {
            "arn": "arn:aws-us-gov:autoscaling:us-gov-west-1:050779347855:autoScalingGroup:51d57da6-8c6c-4875-9451-f63b31da13ae:autoScalingGroupName/awseb-e-bmqqxwyjst-stack-AWSEBAutoScalingGroup-LJXY7KQWBLXK",
            "availability_zones": [
              "us-gov-west-1a",
              "us-gov-west-1b",
              "us-gov-west-1c"
            ],
            "capacity_rebalance": false,
            "context": "",
            "default_cooldown": 360,
            "default_instance_warmup": 0,
            "desired_capacity": 1,
            "desired_capacity_type": "",
            "enabled_metrics": [],
            "force_delete": null,
            "force_delete_warm_pool": null,
            "health_check_grace_period": 300,
            "health_check_type": "ELB",
            "id": "awseb-e-bmqqxwyjst-stack-AWSEBAutoScalingGroup-LJXY7KQWBLXK",
            "initial_lifecycle_hook": [],
            "instance_refresh": [],
            "launch_configuration": "awseb-e-bmqqxwyjst-stack-AWSEBAutoScalingLaunchConfiguration-1LHMXIJ3683Z9",
            "launch_template": [],
            "load_balancers": [],
            "max_instance_lifetime": 0,
            "max_size": 4,
            "metrics_granularity": "1Minute",
            "min_elb_capacity": null,
            "min_size": 1,
            "mixed_instances_policy": [],
            "name": "awseb-e-bmqqxwyjst-stack-AWSEBAutoScalingGroup-LJXY7KQWBLXK",
            "name_prefix": "",
            "placement_group": "",
            "protect_from_scale_in": false,
            "service_linked_role_arn": "arn:aws-us-gov:iam::050779347855:role/aws-service-role/autoscaling.amazonaws.com/AWSServiceRoleForAutoScaling",
            "suspended_processes": [],
            "tag": [
              {
                "key": "Name",
                "propagate_at_launch": true,
                "value": "form-service-blue"
              },
              {
                "key": "elasticbeanstalk:environment-id",
                "propagate_at_launch": true,
                "value": "e-bmqqxwyjst"
              },
              {
                "key": "elasticbeanstalk:environment-name",
                "propagate_at_launch": true,
                "value": "form-service-blue"
              }
            ],
            "tags": null,
            "target_group_arns": [
              "arn:aws-us-gov:elasticloadbalancing:us-gov-west-1:050779347855:targetgroup/awseb-AWSEB-1CE4EQTZCXGMN/ed92788dada306f3",
              "arn:aws-us-gov:elasticloadbalancing:us-gov-west-1:050779347855:targetgroup/awseb-https-KDPXFWOISYA9/d1ed4548e1b5af37"
            ],
            "termination_policies": [],
            "timeouts": null,
            "vpc_zone_identifier": [
              "subnet-04e27b7af0a76d7ee",
              "subnet-05203dc92b0823553",
              "subnet-096303542f2113a20"
            ],
            "wait_for_capacity_timeout": null,
            "wait_for_elb_capacity": null,
            "warm_pool": []
          },
          "sensitive_attributes": []
        }
      ]
    },
    {
      "mode": "managed",
      "type": "aws_autoscaling_group",
      "name": "awseb_e_bner7vhrif_stack_AWSEBAutoScalingGroup_1ROG3ORZMMX48",
      "provider": "provider[\"registry.terraform.io/hashicorp/aws\"]",
      "instances": [
        {
          "schema_version": 0,
          "attributes": {
            "arn": "arn:aws-us-gov:autoscaling:us-gov-west-1:050779347855:autoScalingGroup:0bfe5217-da8d-4b7b-b36a-95664f24ae19:autoScalingGroupName/awseb-e-bner7vhrif-stack-AWSEBAutoScalingGroup-1ROG3ORZMMX48",
            "availability_zones": [
              "us-gov-west-1a",
              "us-gov-west-1b",
              "us-gov-west-1c"
            ],
            "capacity_rebalance": false,
            "context": "",
            "default_cooldown": 360,
            "default_instance_warmup": 0,
            "desired_capacity": 0,
            "desired_capacity_type": "",
            "enabled_metrics": [],
            "force_delete": null,
            "force_delete_warm_pool": null,
            "health_check_grace_period": 300,
            "health_check_type": "ELB",
            "id": "awseb-e-bner7vhrif-stack-AWSEBAutoScalingGroup-1ROG3ORZMMX48",
            "initial_lifecycle_hook": [],
            "instance_refresh": [],
            "launch_configuration": "awseb-e-bner7vhrif-stack-AWSEBAutoScalingLaunchConfiguration-VKFYC1C3V9J0",
            "launch_template": [],
            "load_balancers": [],
            "max_instance_lifetime": 0,
            "max_size": 0,
            "metrics_granularity": "1Minute",
            "min_elb_capacity": null,
            "min_size": 0,
            "mixed_instances_policy": [],
            "name": "awseb-e-bner7vhrif-stack-AWSEBAutoScalingGroup-1ROG3ORZMMX48",
            "name_prefix": "",
            "placement_group": "",
            "protect_from_scale_in": false,
            "service_linked_role_arn": "arn:aws-us-gov:iam::050779347855:role/aws-service-role/autoscaling.amazonaws.com/AWSServiceRoleForAutoScaling",
            "suspended_processes": [],
            "tag": [
              {
                "key": "Name",
                "propagate_at_launch": true,
                "value": "capillary-web-ui-gateway-blue"
              },
              {
                "key": "elasticbeanstalk:environment-id",
                "propagate_at_launch": true,
                "value": "e-bner7vhrif"
              },
              {
                "key": "elasticbeanstalk:environment-name",
                "propagate_at_launch": true,
                "value": "capillary-web-ui-gateway-blue"
              }
            ],
            "tags": null,
            "target_group_arns": [
              "arn:aws-us-gov:elasticloadbalancing:us-gov-west-1:050779347855:targetgroup/awseb-AWSEB-2K3XZ04E4CGX/ea85e2af213f03dc",
              "arn:aws-us-gov:elasticloadbalancing:us-gov-west-1:050779347855:targetgroup/awseb-https-1NPG7X2RFJRCW/5947b105fe89ccde"
            ],
            "termination_policies": [],
            "timeouts": null,
            "vpc_zone_identifier": [
              "subnet-04e27b7af0a76d7ee",
              "subnet-05203dc92b0823553",
              "subnet-096303542f2113a20"
            ],
            "wait_for_capacity_timeout": null,
            "wait_for_elb_capacity": null,
            "warm_pool": []
          },
          "sensitive_attributes": []
        }
      ]
    },
    {
      "mode": "managed",
      "type": "aws_autoscaling_group",
      "name": "awseb_e_fbj96npvkw_stack_AWSEBAutoScalingGroup_1MV2WEQG4C74B",
      "provider": "provider[\"registry.terraform.io/hashicorp/aws\"]",
      "instances": [
        {
          "schema_version": 0,
          "attributes": {
            "arn": "arn:aws-us-gov:autoscaling:us-gov-west-1:050779347855:autoScalingGroup:b64d710c-9c5a-4ab0-ba9e-68e9bf063cb4:autoScalingGroupName/awseb-e-fbj96npvkw-stack-AWSEBAutoScalingGroup-1MV2WEQG4C74B",
            "availability_zones": [
              "us-gov-west-1a",
              "us-gov-west-1b",
              "us-gov-west-1c"
            ],
            "capacity_rebalance": false,
            "context": "",
            "default_cooldown": 360,
            "default_instance_warmup": 0,
            "desired_capacity": 1,
            "desired_capacity_type": "",
            "enabled_metrics": [],
            "force_delete": null,
            "force_delete_warm_pool": null,
            "health_check_grace_period": 300,
            "health_check_type": "ELB",
            "id": "awseb-e-fbj96npvkw-stack-AWSEBAutoScalingGroup-1MV2WEQG4C74B",
            "initial_lifecycle_hook": [],
            "instance_refresh": [],
            "launch_configuration": "awseb-e-fbj96npvkw-stack-AWSEBAutoScalingLaunchConfiguration-NTZB83ZL82PC",
            "launch_template": [],
            "load_balancers": [],
            "max_instance_lifetime": 0,
            "max_size": 4,
            "metrics_granularity": "1Minute",
            "min_elb_capacity": null,
            "min_size": 1,
            "mixed_instances_policy": [],
            "name": "awseb-e-fbj96npvkw-stack-AWSEBAutoScalingGroup-1MV2WEQG4C74B",
            "name_prefix": "",
            "placement_group": "",
            "protect_from_scale_in": false,
            "service_linked_role_arn": "arn:aws-us-gov:iam::050779347855:role/aws-service-role/autoscaling.amazonaws.com/AWSServiceRoleForAutoScaling",
            "suspended_processes": [],
            "tag": [
              {
                "key": "Name",
                "propagate_at_launch": true,
                "value": "identity-service-blue"
              },
              {
                "key": "elasticbeanstalk:environment-id",
                "propagate_at_launch": true,
                "value": "e-fbj96npvkw"
              },
              {
                "key": "elasticbeanstalk:environment-name",
                "propagate_at_launch": true,
                "value": "identity-service-blue"
              }
            ],
            "tags": null,
            "target_group_arns": [
              "arn:aws-us-gov:elasticloadbalancing:us-gov-west-1:050779347855:targetgroup/awseb-AWSEB-YEZA6U1KVPDV/4d9eece4d84a3833",
              "arn:aws-us-gov:elasticloadbalancing:us-gov-west-1:050779347855:targetgroup/awseb-https-1A18UEWA4D63L/44a8ba5d74ed6f99"
            ],
            "termination_policies": [],
            "timeouts": null,
            "vpc_zone_identifier": [
              "subnet-04e27b7af0a76d7ee",
              "subnet-05203dc92b0823553",
              "subnet-096303542f2113a20"
            ],
            "wait_for_capacity_timeout": null,
            "wait_for_elb_capacity": null,
            "warm_pool": []
          },
          "sensitive_attributes": []
        }
      ]
    },
    {
      "mode": "managed",
      "type": "aws_autoscaling_group",
      "name": "awseb_e_fmzgrfkcqp_stack_AWSEBAutoScalingGroup_VMGLQ3UKK1KY",
      "provider": "provider[\"registry.terraform.io/hashicorp/aws\"]",
      "instances": [
        {
          "schema_version": 0,
          "attributes": {
            "arn": "arn:aws-us-gov:autoscaling:us-gov-west-1:050779347855:autoScalingGroup:9b5ec25c-3d5d-4de1-b2c5-35ddc39b8663:autoScalingGroupName/awseb-e-fmzgrfkcqp-stack-AWSEBAutoScalingGroup-VMGLQ3UKK1KY",
            "availability_zones": [
              "us-gov-west-1a",
              "us-gov-west-1b",
              "us-gov-west-1c"
            ],
            "capacity_rebalance": false,
            "context": "",
            "default_cooldown": 360,
            "default_instance_warmup": 0,
            "desired_capacity": 1,
            "desired_capacity_type": "",
            "enabled_metrics": [],
            "force_delete": null,
            "force_delete_warm_pool": null,
            "health_check_grace_period": 300,
            "health_check_type": "ELB",
            "id": "awseb-e-fmzgrfkcqp-stack-AWSEBAutoScalingGroup-VMGLQ3UKK1KY",
            "initial_lifecycle_hook": [],
            "instance_refresh": [],
            "launch_configuration": "awseb-e-fmzgrfkcqp-stack-AWSEBAutoScalingLaunchConfiguration-1LOGBY1QQR689",
            "launch_template": [],
            "load_balancers": [],
            "max_instance_lifetime": 0,
            "max_size": 4,
            "metrics_granularity": "1Minute",
            "min_elb_capacity": null,
            "min_size": 1,
            "mixed_instances_policy": [],
            "name": "awseb-e-fmzgrfkcqp-stack-AWSEBAutoScalingGroup-VMGLQ3UKK1KY",
            "name_prefix": "",
            "placement_group": "",
            "protect_from_scale_in": false,
            "service_linked_role_arn": "arn:aws-us-gov:iam::050779347855:role/aws-service-role/autoscaling.amazonaws.com/AWSServiceRoleForAutoScaling",
            "suspended_processes": [],
            "tag": [
              {
                "key": "Name",
                "propagate_at_launch": true,
                "value": "book-service-blue"
              },
              {
                "key": "elasticbeanstalk:environment-id",
                "propagate_at_launch": true,
                "value": "e-fmzgrfkcqp"
              },
              {
                "key": "elasticbeanstalk:environment-name",
                "propagate_at_launch": true,
                "value": "book-service-blue"
              }
            ],
            "tags": null,
            "target_group_arns": [
              "arn:aws-us-gov:elasticloadbalancing:us-gov-west-1:050779347855:targetgroup/awseb-AWSEB-YQXP658RVKNN/71cd584aa7eea690",
              "arn:aws-us-gov:elasticloadbalancing:us-gov-west-1:050779347855:targetgroup/awseb-https-1ITBSVWM72LY7/4d250918fe6c03ff"
            ],
            "termination_policies": [],
            "timeouts": null,
            "vpc_zone_identifier": [
              "subnet-04e27b7af0a76d7ee",
              "subnet-05203dc92b0823553",
              "subnet-096303542f2113a20"
            ],
            "wait_for_capacity_timeout": null,
            "wait_for_elb_capacity": null,
            "warm_pool": []
          },
          "sensitive_attributes": []
        }
      ]
    },
    {
      "mode": "managed",
      "type": "aws_autoscaling_group",
      "name": "awseb_e_jgrjparfpf_stack_AWSEBAutoScalingGroup_NCF5DZ76ITDN",
      "provider": "provider[\"registry.terraform.io/hashicorp/aws\"]",
      "instances": [
        {
          "schema_version": 0,
          "attributes": {
            "arn": "arn:aws-us-gov:autoscaling:us-gov-west-1:050779347855:autoScalingGroup:46fff0cf-ec43-463f-9f91-b739dc87cb75:autoScalingGroupName/awseb-e-jgrjparfpf-stack-AWSEBAutoScalingGroup-NCF5DZ76ITDN",
            "availability_zones": [
              "us-gov-west-1a",
              "us-gov-west-1b",
              "us-gov-west-1c"
            ],
            "capacity_rebalance": false,
            "context": "",
            "default_cooldown": 360,
            "default_instance_warmup": 0,
            "desired_capacity": 1,
            "desired_capacity_type": "",
            "enabled_metrics": [],
            "force_delete": null,
            "force_delete_warm_pool": null,
            "health_check_grace_period": 300,
            "health_check_type": "ELB",
            "id": "awseb-e-jgrjparfpf-stack-AWSEBAutoScalingGroup-NCF5DZ76ITDN",
            "initial_lifecycle_hook": [],
            "instance_refresh": [],
            "launch_configuration": "awseb-e-jgrjparfpf-stack-AWSEBAutoScalingLaunchConfiguration-10ABAES14Y4Q8",
            "launch_template": [],
            "load_balancers": [],
            "max_instance_lifetime": 0,
            "max_size": 4,
            "metrics_granularity": "1Minute",
            "min_elb_capacity": null,
            "min_size": 1,
            "mixed_instances_policy": [],
            "name": "awseb-e-jgrjparfpf-stack-AWSEBAutoScalingGroup-NCF5DZ76ITDN",
            "name_prefix": "",
            "placement_group": "",
            "protect_from_scale_in": false,
            "service_linked_role_arn": "arn:aws-us-gov:iam::050779347855:role/aws-service-role/autoscaling.amazonaws.com/AWSServiceRoleForAutoScaling",
            "suspended_processes": [],
            "tag": [
              {
                "key": "Name",
                "propagate_at_launch": true,
                "value": "dbt-clinician-web-green"
              },
              {
                "key": "elasticbeanstalk:environment-id",
                "propagate_at_launch": true,
                "value": "e-jgrjparfpf"
              },
              {
                "key": "elasticbeanstalk:environment-name",
                "propagate_at_launch": true,
                "value": "dbt-clinician-web-green"
              }
            ],
            "tags": null,
            "target_group_arns": [
              "arn:aws-us-gov:elasticloadbalancing:us-gov-west-1:050779347855:targetgroup/awseb-AWSEB-15MUDOYVBCD0V/931d2e2232b0f747",
              "arn:aws-us-gov:elasticloadbalancing:us-gov-west-1:050779347855:targetgroup/awseb-https-AUSQVE5FNNDF/c017fe1764b96b03"
            ],
            "termination_policies": [],
            "timeouts": null,
            "vpc_zone_identifier": [
              "subnet-04e27b7af0a76d7ee",
              "subnet-05203dc92b0823553",
              "subnet-096303542f2113a20"
            ],
            "wait_for_capacity_timeout": null,
            "wait_for_elb_capacity": null,
            "warm_pool": []
          },
          "sensitive_attributes": []
        }
      ]
    },
    {
      "mode": "managed",
      "type": "aws_autoscaling_group",
      "name": "awseb_e_jhagz8maay_stack_AWSEBAutoScalingGroup_1M93QZILI7GQN",
      "provider": "provider[\"registry.terraform.io/hashicorp/aws\"]",
      "instances": [
        {
          "schema_version": 0,
          "attributes": {
            "arn": "arn:aws-us-gov:autoscaling:us-gov-west-1:050779347855:autoScalingGroup:e303dc67-9913-4bd9-9e95-c5f81bd68aac:autoScalingGroupName/awseb-e-jhagz8maay-stack-AWSEBAutoScalingGroup-1M93QZILI7GQN",
            "availability_zones": [
              "us-gov-west-1a",
              "us-gov-west-1b",
              "us-gov-west-1c"
            ],
            "capacity_rebalance": false,
            "context": "",
            "default_cooldown": 360,
            "default_instance_warmup": 0,
            "desired_capacity": 1,
            "desired_capacity_type": "",
            "enabled_metrics": [],
            "force_delete": null,
            "force_delete_warm_pool": null,
            "health_check_grace_period": 300,
            "health_check_type": "ELB",
            "id": "awseb-e-jhagz8maay-stack-AWSEBAutoScalingGroup-1M93QZILI7GQN",
            "initial_lifecycle_hook": [],
            "instance_refresh": [],
            "launch_configuration": "awseb-e-jhagz8maay-stack-AWSEBAutoScalingLaunchConfiguration-1OQZV51LE4R45",
            "launch_template": [],
            "load_balancers": [],
            "max_instance_lifetime": 0,
            "max_size": 4,
            "metrics_granularity": "1Minute",
            "min_elb_capacity": null,
            "min_size": 1,
            "mixed_instances_policy": [],
            "name": "awseb-e-jhagz8maay-stack-AWSEBAutoScalingGroup-1M93QZILI7GQN",
            "name_prefix": "",
            "placement_group": "",
            "protect_from_scale_in": false,
            "service_linked_role_arn": "arn:aws-us-gov:iam::050779347855:role/aws-service-role/autoscaling.amazonaws.com/AWSServiceRoleForAutoScaling",
            "suspended_processes": [],
            "tag": [
              {
                "key": "Name",
                "propagate_at_launch": true,
                "value": "market-service-green"
              },
              {
                "key": "elasticbeanstalk:environment-id",
                "propagate_at_launch": true,
                "value": "e-jhagz8maay"
              },
              {
                "key": "elasticbeanstalk:environment-name",
                "propagate_at_launch": true,
                "value": "market-service-green"
              }
            ],
            "tags": null,
            "target_group_arns": [
              "arn:aws-us-gov:elasticloadbalancing:us-gov-west-1:050779347855:targetgroup/awseb-AWSEB-AAEU0KCESEZW/17534a71c8a56fe4",
              "arn:aws-us-gov:elasticloadbalancing:us-gov-west-1:050779347855:targetgroup/awseb-https-Y2DPEDQN6QH6/07bea956e74e1c38"
            ],
            "termination_policies": [],
            "timeouts": null,
            "vpc_zone_identifier": [
              "subnet-04e27b7af0a76d7ee",
              "subnet-05203dc92b0823553",
              "subnet-096303542f2113a20"
            ],
            "wait_for_capacity_timeout": null,
            "wait_for_elb_capacity": null,
            "warm_pool": []
          },
          "sensitive_attributes": []
        }
      ]
    },
    {
      "mode": "managed",
      "type": "aws_autoscaling_group",
      "name": "awseb_e_p6bifdmp7h_stack_AWSEBAutoScalingGroup_1V4A0JOX0NVPA",
      "provider": "provider[\"registry.terraform.io/hashicorp/aws\"]",
      "instances": [
        {
          "schema_version": 0,
          "attributes": {
            "arn": "arn:aws-us-gov:autoscaling:us-gov-west-1:050779347855:autoScalingGroup:c9fe1057-6690-48f1-8ad0-50349ef818ff:autoScalingGroupName/awseb-e-p6bifdmp7h-stack-AWSEBAutoScalingGroup-1V4A0JOX0NVPA",
            "availability_zones": [
              "us-gov-west-1a",
              "us-gov-west-1b",
              "us-gov-west-1c"
            ],
            "capacity_rebalance": false,
            "context": "",
            "default_cooldown": 360,
            "default_instance_warmup": 0,
            "desired_capacity": 1,
            "desired_capacity_type": "",
            "enabled_metrics": [],
            "force_delete": null,
            "force_delete_warm_pool": null,
            "health_check_grace_period": 300,
            "health_check_type": "ELB",
            "id": "awseb-e-p6bifdmp7h-stack-AWSEBAutoScalingGroup-1V4A0JOX0NVPA",
            "initial_lifecycle_hook": [],
            "instance_refresh": [],
            "launch_configuration": "awseb-e-p6bifdmp7h-stack-AWSEBAutoScalingLaunchConfiguration-5ZGXBP8856K5",
            "launch_template": [],
            "load_balancers": [],
            "max_instance_lifetime": 0,
            "max_size": 4,
            "metrics_granularity": "1Minute",
            "min_elb_capacity": null,
            "min_size": 1,
            "mixed_instances_policy": [],
            "name": "awseb-e-p6bifdmp7h-stack-AWSEBAutoScalingGroup-1V4A0JOX0NVPA",
            "name_prefix": "",
            "placement_group": "",
            "protect_from_scale_in": false,
            "service_linked_role_arn": "arn:aws-us-gov:iam::050779347855:role/aws-service-role/autoscaling.amazonaws.com/AWSServiceRoleForAutoScaling",
            "suspended_processes": [],
            "tag": [
              {
                "key": "Name",
                "propagate_at_launch": true,
                "value": "capillary-web-ui-gateway-green"
              },
              {
                "key": "elasticbeanstalk:environment-id",
                "propagate_at_launch": true,
                "value": "e-p6bifdmp7h"
              },
              {
                "key": "elasticbeanstalk:environment-name",
                "propagate_at_launch": true,
                "value": "capillary-web-ui-gateway-green"
              }
            ],
            "tags": null,
            "target_group_arns": [
              "arn:aws-us-gov:elasticloadbalancing:us-gov-west-1:050779347855:targetgroup/awseb-AWSEB-FTDGG6JAIAVU/cd8ebc5a66ec9fa8",
              "arn:aws-us-gov:elasticloadbalancing:us-gov-west-1:050779347855:targetgroup/awseb-https-OX0BXIAFNYGI/8edb5baf518da618"
            ],
            "termination_policies": [],
            "timeouts": null,
            "vpc_zone_identifier": [
              "subnet-04e27b7af0a76d7ee",
              "subnet-05203dc92b0823553",
              "subnet-096303542f2113a20"
            ],
            "wait_for_capacity_timeout": null,
            "wait_for_elb_capacity": null,
            "warm_pool": []
          },
          "sensitive_attributes": []
        }
      ]
    },
    {
      "mode": "managed",
      "type": "aws_autoscaling_group",
      "name": "awseb_e_pcw37ypdme_stack_AWSEBAutoScalingGroup_165D32JDYUA6O",
      "provider": "provider[\"registry.terraform.io/hashicorp/aws\"]",
      "instances": [
        {
          "schema_version": 0,
          "attributes": {
            "arn": "arn:aws-us-gov:autoscaling:us-gov-west-1:050779347855:autoScalingGroup:693b3faa-e438-4f37-8045-8fa03b9868f8:autoScalingGroupName/awseb-e-pcw37ypdme-stack-AWSEBAutoScalingGroup-165D32JDYUA6O",
            "availability_zones": [
              "us-gov-west-1a",
              "us-gov-west-1b",
              "us-gov-west-1c"
            ],
            "capacity_rebalance": false,
            "context": "",
            "default_cooldown": 360,
            "default_instance_warmup": 0,
            "desired_capacity": 1,
            "desired_capacity_type": "",
            "enabled_metrics": [],
            "force_delete": null,
            "force_delete_warm_pool": null,
            "health_check_grace_period": 300,
            "health_check_type": "ELB",
            "id": "awseb-e-pcw37ypdme-stack-AWSEBAutoScalingGroup-165D32JDYUA6O",
            "initial_lifecycle_hook": [],
            "instance_refresh": [],
            "launch_configuration": "awseb-e-pcw37ypdme-stack-AWSEBAutoScalingLaunchConfiguration-AWZ4IZZYEOO5",
            "launch_template": [],
            "load_balancers": [],
            "max_instance_lifetime": 0,
            "max_size": 4,
            "metrics_granularity": "1Minute",
            "min_elb_capacity": null,
            "min_size": 1,
            "mixed_instances_policy": [],
            "name": "awseb-e-pcw37ypdme-stack-AWSEBAutoScalingGroup-165D32JDYUA6O",
            "name_prefix": "",
            "placement_group": "",
            "protect_from_scale_in": false,
            "service_linked_role_arn": "arn:aws-us-gov:iam::050779347855:role/aws-service-role/autoscaling.amazonaws.com/AWSServiceRoleForAutoScaling",
            "suspended_processes": [],
            "tag": [
              {
                "key": "Name",
                "propagate_at_launch": true,
                "value": "mobile-client-gateway-blue"
              },
              {
                "key": "elasticbeanstalk:environment-id",
                "propagate_at_launch": true,
                "value": "e-pcw37ypdme"
              },
              {
                "key": "elasticbeanstalk:environment-name",
                "propagate_at_launch": true,
                "value": "mobile-client-gateway-blue"
              }
            ],
            "tags": null,
            "target_group_arns": [
              "arn:aws-us-gov:elasticloadbalancing:us-gov-west-1:050779347855:targetgroup/awseb-AWSEB-1RIBY3C1UJL6Z/777481f0becec444",
              "arn:aws-us-gov:elasticloadbalancing:us-gov-west-1:050779347855:targetgroup/awseb-https-BA13PDTGN3G/1edd65d8ab56e5dc"
            ],
            "termination_policies": [],
            "timeouts": null,
            "vpc_zone_identifier": [
              "subnet-04e27b7af0a76d7ee",
              "subnet-05203dc92b0823553",
              "subnet-096303542f2113a20"
            ],
            "wait_for_capacity_timeout": null,
            "wait_for_elb_capacity": null,
            "warm_pool": []
          },
          "sensitive_attributes": []
        }
      ]
    },
    {
      "mode": "managed",
      "type": "aws_autoscaling_group",
      "name": "awseb_e_rwv222b3qp_stack_AWSEBAutoScalingGroup_1MLNCOGIT8AIV",
      "provider": "provider[\"registry.terraform.io/hashicorp/aws\"]",
      "instances": [
        {
          "schema_version": 0,
          "attributes": {
            "arn": "arn:aws-us-gov:autoscaling:us-gov-west-1:050779347855:autoScalingGroup:3ad964cd-edc2-4332-85d5-736cb9deca39:autoScalingGroupName/awseb-e-rwv222b3qp-stack-AWSEBAutoScalingGroup-1MLNCOGIT8AIV",
            "availability_zones": [
              "us-gov-west-1a",
              "us-gov-west-1b",
              "us-gov-west-1c"
            ],
            "capacity_rebalance": false,
            "context": "",
            "default_cooldown": 360,
            "default_instance_warmup": 0,
            "desired_capacity": 1,
            "desired_capacity_type": "",
            "enabled_metrics": [],
            "force_delete": null,
            "force_delete_warm_pool": null,
            "health_check_grace_period": 300,
            "health_check_type": "ELB",
            "id": "awseb-e-rwv222b3qp-stack-AWSEBAutoScalingGroup-1MLNCOGIT8AIV",
            "initial_lifecycle_hook": [],
            "instance_refresh": [],
            "launch_configuration": "awseb-e-rwv222b3qp-stack-AWSEBAutoScalingLaunchConfiguration-13YMWW55SCEEW",
            "launch_template": [],
            "load_balancers": [],
            "max_instance_lifetime": 0,
            "max_size": 4,
            "metrics_granularity": "1Minute",
            "min_elb_capacity": null,
            "min_size": 1,
            "mixed_instances_policy": [],
            "name": "awseb-e-rwv222b3qp-stack-AWSEBAutoScalingGroup-1MLNCOGIT8AIV",
            "name_prefix": "",
            "placement_group": "",
            "protect_from_scale_in": false,
            "service_linked_role_arn": "arn:aws-us-gov:iam::050779347855:role/aws-service-role/autoscaling.amazonaws.com/AWSServiceRoleForAutoScaling",
            "suspended_processes": [],
            "tag": [
              {
                "key": "Name",
                "propagate_at_launch": true,
                "value": "learner-web-ui-gateway-green"
              },
              {
                "key": "elasticbeanstalk:environment-id",
                "propagate_at_launch": true,
                "value": "e-rwv222b3qp"
              },
              {
                "key": "elasticbeanstalk:environment-name",
                "propagate_at_launch": true,
                "value": "learner-web-ui-gateway-green"
              }
            ],
            "tags": null,
            "target_group_arns": [
              "arn:aws-us-gov:elasticloadbalancing:us-gov-west-1:050779347855:targetgroup/awseb-AWSEB-5I5BPHGEKZZU/ceb1b1d73d05204a",
              "arn:aws-us-gov:elasticloadbalancing:us-gov-west-1:050779347855:targetgroup/awseb-https-95M35U10HKO6/986ad47b9aaa35a5"
            ],
            "termination_policies": [],
            "timeouts": null,
            "vpc_zone_identifier": [
              "subnet-04e27b7af0a76d7ee",
              "subnet-05203dc92b0823553",
              "subnet-096303542f2113a20"
            ],
            "wait_for_capacity_timeout": null,
            "wait_for_elb_capacity": null,
            "warm_pool": []
          },
          "sensitive_attributes": []
        }
      ]
    },
    {
      "mode": "managed",
      "type": "aws_autoscaling_group",
      "name": "awseb_e_tx62adwg2k_stack_AWSEBAutoScalingGroup_WZUPJM6LCB0K",
      "provider": "provider[\"registry.terraform.io/hashicorp/aws\"]",
      "instances": [
        {
          "schema_version": 0,
          "attributes": {
            "arn": "arn:aws-us-gov:autoscaling:us-gov-west-1:050779347855:autoScalingGroup:b957e0b5-a0f1-4e90-ae72-96866a3ef1ff:autoScalingGroupName/awseb-e-tx62adwg2k-stack-AWSEBAutoScalingGroup-WZUPJM6LCB0K",
            "availability_zones": [
              "us-gov-west-1a",
              "us-gov-west-1b",
              "us-gov-west-1c"
            ],
            "capacity_rebalance": false,
            "context": "",
            "default_cooldown": 360,
            "default_instance_warmup": 0,
            "desired_capacity": 0,
            "desired_capacity_type": "",
            "enabled_metrics": [],
            "force_delete": null,
            "force_delete_warm_pool": null,
            "health_check_grace_period": 300,
            "health_check_type": "ELB",
            "id": "awseb-e-tx62adwg2k-stack-AWSEBAutoScalingGroup-WZUPJM6LCB0K",
            "initial_lifecycle_hook": [],
            "instance_refresh": [],
            "launch_configuration": "awseb-e-tx62adwg2k-stack-AWSEBAutoScalingLaunchConfiguration-KWTPTGQG6K0F",
            "launch_template": [],
            "load_balancers": [],
            "max_instance_lifetime": 0,
            "max_size": 0,
            "metrics_granularity": "1Minute",
            "min_elb_capacity": null,
            "min_size": 0,
            "mixed_instances_policy": [],
            "name": "awseb-e-tx62adwg2k-stack-AWSEBAutoScalingGroup-WZUPJM6LCB0K",
            "name_prefix": "",
            "placement_group": "",
            "protect_from_scale_in": false,
            "service_linked_role_arn": "arn:aws-us-gov:iam::050779347855:role/aws-service-role/autoscaling.amazonaws.com/AWSServiceRoleForAutoScaling",
            "suspended_processes": [],
            "tag": [
              {
                "key": "Name",
                "propagate_at_launch": true,
                "value": "identity-service-green"
              },
              {
                "key": "elasticbeanstalk:environment-id",
                "propagate_at_launch": true,
                "value": "e-tx62adwg2k"
              },
              {
                "key": "elasticbeanstalk:environment-name",
                "propagate_at_launch": true,
                "value": "identity-service-green"
              }
            ],
            "tags": null,
            "target_group_arns": [
              "arn:aws-us-gov:elasticloadbalancing:us-gov-west-1:050779347855:targetgroup/awseb-AWSEB-D0FRZWTV84JA/944fb2dc581af886",
              "arn:aws-us-gov:elasticloadbalancing:us-gov-west-1:050779347855:targetgroup/awseb-https-1I8ECBRH1HY3/5476cd11d9b77634"
            ],
            "termination_policies": [],
            "timeouts": null,
            "vpc_zone_identifier": [
              "subnet-04e27b7af0a76d7ee",
              "subnet-05203dc92b0823553",
              "subnet-096303542f2113a20"
            ],
            "wait_for_capacity_timeout": null,
            "wait_for_elb_capacity": null,
            "warm_pool": []
          },
          "sensitive_attributes": []
        }
      ]
    },
    {
      "mode": "managed",
      "type": "aws_autoscaling_group",
      "name": "awseb_e_xmec4epg3c_stack_AWSEBAutoScalingGroup_UQ4ARCTDJ5PP",
      "provider": "provider[\"registry.terraform.io/hashicorp/aws\"]",
      "instances": [
        {
          "schema_version": 0,
          "attributes": {
            "arn": "arn:aws-us-gov:autoscaling:us-gov-west-1:050779347855:autoScalingGroup:e3ea15f5-60e4-458c-bffb-d0ffa5fcc929:autoScalingGroupName/awseb-e-xmec4epg3c-stack-AWSEBAutoScalingGroup-UQ4ARCTDJ5PP",
            "availability_zones": [
              "us-gov-west-1a",
              "us-gov-west-1b",
              "us-gov-west-1c"
            ],
            "capacity_rebalance": false,
            "context": "",
            "default_cooldown": 360,
            "default_instance_warmup": 0,
            "desired_capacity": 1,
            "desired_capacity_type": "",
            "enabled_metrics": [],
            "force_delete": null,
            "force_delete_warm_pool": null,
            "health_check_grace_period": 300,
            "health_check_type": "ELB",
            "id": "awseb-e-xmec4epg3c-stack-AWSEBAutoScalingGroup-UQ4ARCTDJ5PP",
            "initial_lifecycle_hook": [],
            "instance_refresh": [],
            "launch_configuration": "awseb-e-xmec4epg3c-stack-AWSEBAutoScalingLaunchConfiguration-12887VXT6TVNY",
            "launch_template": [],
            "load_balancers": [],
            "max_instance_lifetime": 0,
            "max_size": 4,
            "metrics_granularity": "1Minute",
            "min_elb_capacity": null,
            "min_size": 1,
            "mixed_instances_policy": [],
            "name": "awseb-e-xmec4epg3c-stack-AWSEBAutoScalingGroup-UQ4ARCTDJ5PP",
            "name_prefix": "",
            "placement_group": "",
            "protect_from_scale_in": false,
            "service_linked_role_arn": "arn:aws-us-gov:iam::050779347855:role/aws-service-role/autoscaling.amazonaws.com/AWSServiceRoleForAutoScaling",
            "suspended_processes": [],
            "tag": [
              {
                "key": "Name",
                "propagate_at_launch": true,
                "value": "book-service-green"
              },
              {
                "key": "elasticbeanstalk:environment-id",
                "propagate_at_launch": true,
                "value": "e-xmec4epg3c"
              },
              {
                "key": "elasticbeanstalk:environment-name",
                "propagate_at_launch": true,
                "value": "book-service-green"
              }
            ],
            "tags": null,
            "target_group_arns": [
              "arn:aws-us-gov:elasticloadbalancing:us-gov-west-1:050779347855:targetgroup/awseb-AWSEB-SEX4C054MM4S/acbec2c618e473f1",
              "arn:aws-us-gov:elasticloadbalancing:us-gov-west-1:050779347855:targetgroup/awseb-https-JJG3XZEW6RBE/338ad25d27256cd4"
            ],
            "termination_policies": [],
            "timeouts": null,
            "vpc_zone_identifier": [
              "subnet-04e27b7af0a76d7ee",
              "subnet-05203dc92b0823553",
              "subnet-096303542f2113a20"
            ],
            "wait_for_capacity_timeout": null,
            "wait_for_elb_capacity": null,
            "warm_pool": []
          },
          "sensitive_attributes": []
        }
      ]
    },
    {
      "mode": "managed",
      "type": "aws_autoscaling_group",
      "name": "awseb_e_yd9s5vvfgp_stack_AWSEBAutoScalingGroup_NT4M6B5ZTDEQ",
      "provider": "provider[\"registry.terraform.io/hashicorp/aws\"]",
      "instances": [
        {
          "schema_version": 0,
          "attributes": {
            "arn": "arn:aws-us-gov:autoscaling:us-gov-west-1:050779347855:autoScalingGroup:e5af2005-c483-4500-a9c3-b978cd9cb914:autoScalingGroupName/awseb-e-yd9s5vvfgp-stack-AWSEBAutoScalingGroup-NT4M6B5ZTDEQ",
            "availability_zones": [
              "us-gov-west-1a",
              "us-gov-west-1b",
              "us-gov-west-1c"
            ],
            "capacity_rebalance": false,
            "context": "",
            "default_cooldown": 360,
            "default_instance_warmup": 0,
            "desired_capacity": 1,
            "desired_capacity_type": "",
            "enabled_metrics": [],
            "force_delete": null,
            "force_delete_warm_pool": null,
            "health_check_grace_period": 300,
            "health_check_type": "ELB",
            "id": "awseb-e-yd9s5vvfgp-stack-AWSEBAutoScalingGroup-NT4M6B5ZTDEQ",
            "initial_lifecycle_hook": [],
            "instance_refresh": [],
            "launch_configuration": "awseb-e-yd9s5vvfgp-stack-AWSEBAutoScalingLaunchConfiguration-1F9EQPL9CPU5J",
            "launch_template": [],
            "load_balancers": [],
            "max_instance_lifetime": 0,
            "max_size": 4,
            "metrics_granularity": "1Minute",
            "min_elb_capacity": null,
            "min_size": 1,
            "mixed_instances_policy": [],
            "name": "awseb-e-yd9s5vvfgp-stack-AWSEBAutoScalingGroup-NT4M6B5ZTDEQ",
            "name_prefix": "",
            "placement_group": "",
            "protect_from_scale_in": false,
            "service_linked_role_arn": "arn:aws-us-gov:iam::050779347855:role/aws-service-role/autoscaling.amazonaws.com/AWSServiceRoleForAutoScaling",
            "suspended_processes": [],
            "tag": [
              {
                "key": "Name",
                "propagate_at_launch": true,
                "value": "internal-services-gateway-green"
              },
              {
                "key": "elasticbeanstalk:environment-id",
                "propagate_at_launch": true,
                "value": "e-yd9s5vvfgp"
              },
              {
                "key": "elasticbeanstalk:environment-name",
                "propagate_at_launch": true,
                "value": "internal-services-gateway-green"
              }
            ],
            "tags": null,
            "target_group_arns": [
              "arn:aws-us-gov:elasticloadbalancing:us-gov-west-1:050779347855:targetgroup/awseb-AWSEB-1KL1HTYXVLBO3/7cff1cc5e885e081",
              "arn:aws-us-gov:elasticloadbalancing:us-gov-west-1:050779347855:targetgroup/awseb-https-13BRWX43RBRKL/9afaf32c8e7dde20"
            ],
            "termination_policies": [],
            "timeouts": null,
            "vpc_zone_identifier": [
              "subnet-04e27b7af0a76d7ee",
              "subnet-05203dc92b0823553",
              "subnet-096303542f2113a20"
            ],
            "wait_for_capacity_timeout": null,
            "wait_for_elb_capacity": null,
            "warm_pool": []
          },
          "sensitive_attributes": []
        }
      ]
    },
    {
      "mode": "managed",
      "type": "aws_autoscaling_group",
      "name": "ecs_production_gov_v02_instance_asg_capacity",
      "provider": "provider[\"registry.terraform.io/hashicorp/aws\"]",
      "instances": [
        {
          "schema_version": 0,
          "attributes": {
            "arn": "arn:aws-us-gov:autoscaling:us-gov-west-1:050779347855:autoScalingGroup:4f2dfa06-9e39-4b3d-9888-ba1e1eb0e8a9:autoScalingGroupName/ecs-production-gov-v02-instance-asg-capacity",
            "availability_zones": [
              "us-gov-west-1a",
              "us-gov-west-1b",
              "us-gov-west-1c"
            ],
            "capacity_rebalance": false,
            "context": "",
            "default_cooldown": 300,
            "default_instance_warmup": 0,
            "desired_capacity": 3,
            "desired_capacity_type": "",
            "enabled_metrics": [
              "GroupDesiredCapacity",
              "GroupInServiceInstances",
              "GroupMaxSize",
              "GroupMinSize",
              "GroupPendingInstances",
              "GroupStandbyInstances",
              "GroupTerminatingInstances",
              "GroupTotalInstances"
            ],
            "force_delete": null,
            "force_delete_warm_pool": null,
            "health_check_grace_period": 282,
            "health_check_type": "EC2",
            "id": "ecs-production-gov-v02-instance-asg-capacity",
            "initial_lifecycle_hook": [],
            "instance_refresh": [],
            "launch_configuration": "ecs-production-gov-v02-LaunchConfigurationCapacity-IEGO64TA1MZ",
            "launch_template": [],
            "load_balancers": [],
            "max_instance_lifetime": 0,
            "max_size": 5,
            "metrics_granularity": "1Minute",
            "min_elb_capacity": null,
            "min_size": 2,
            "mixed_instances_policy": [],
            "name": "ecs-production-gov-v02-instance-asg-capacity",
            "name_prefix": "",
            "placement_group": "",
            "protect_from_scale_in": false,
            "service_linked_role_arn": "arn:aws-us-gov:iam::050779347855:role/aws-service-role/autoscaling.amazonaws.com/AWSServiceRoleForAutoScaling",
            "suspended_processes": [],
            "tag": [
              {
                "key": "LaunchConfiguration",
                "propagate_at_launch": true,
                "value": "ecs-production-gov-v02-LaunchConfigurationCapacity-IEGO64TA1MZ"
              },
              {
                "key": "Name",
                "propagate_at_launch": true,
                "value": "ecs-production-gov-v02-container-instance"
              }
            ],
            "tags": null,
            "target_group_arns": [],
            "termination_policies": [],
            "timeouts": null,
            "vpc_zone_identifier": [
              "subnet-04e27b7af0a76d7ee",
              "subnet-05203dc92b0823553",
              "subnet-096303542f2113a20"
            ],
            "wait_for_capacity_timeout": null,
            "wait_for_elb_capacity": null,
            "warm_pool": []
          },
          "sensitive_attributes": []
        }
      ]
    },
    {
      "mode": "managed",
      "type": "aws_autoscaling_group",
      "name": "ecs_production_gov_v02_instance_asg_one_per_az",
      "provider": "provider[\"registry.terraform.io/hashicorp/aws\"]",
      "instances": [
        {
          "schema_version": 0,
          "attributes": {
            "arn": "arn:aws-us-gov:autoscaling:us-gov-west-1:050779347855:autoScalingGroup:9707758a-82b2-4054-a7d2-e259f424a6b8:autoScalingGroupName/ecs-production-gov-v02-instance-asg-one-per-az",
            "availability_zones": [
              "us-gov-west-1a",
              "us-gov-west-1b",
              "us-gov-west-1c"
            ],
            "capacity_rebalance": false,
            "context": "",
            "default_cooldown": 300,
            "default_instance_warmup": 0,
            "desired_capacity": 3,
            "desired_capacity_type": "",
            "enabled_metrics": [
              "GroupDesiredCapacity",
              "GroupInServiceInstances",
              "GroupMaxSize",
              "GroupMinSize",
              "GroupPendingInstances",
              "GroupStandbyInstances",
              "GroupTerminatingInstances",
              "GroupTotalInstances"
            ],
            "force_delete": null,
            "force_delete_warm_pool": null,
            "health_check_grace_period": 282,
            "health_check_type": "EC2",
            "id": "ecs-production-gov-v02-instance-asg-one-per-az",
            "initial_lifecycle_hook": [],
            "instance_refresh": [],
            "launch_configuration": "ecs-production-gov-v02-LaunchConfigurationExactlyOnePerAZ-1XQRH2DSGN1SH",
            "launch_template": [],
            "load_balancers": [],
            "max_instance_lifetime": 0,
            "max_size": 3,
            "metrics_granularity": "1Minute",
            "min_elb_capacity": null,
            "min_size": 3,
            "mixed_instances_policy": [],
            "name": "ecs-production-gov-v02-instance-asg-one-per-az",
            "name_prefix": "",
            "placement_group": "",
            "protect_from_scale_in": false,
            "service_linked_role_arn": "arn:aws-us-gov:iam::050779347855:role/aws-service-role/autoscaling.amazonaws.com/AWSServiceRoleForAutoScaling",
            "suspended_processes": [],
            "tag": [
              {
                "key": "LaunchConfiguration",
                "propagate_at_launch": true,
                "value": "ecs-production-gov-v02-LaunchConfigurationExactlyOnePerAZ-1XQRH2DSGN1SH"
              },
              {
                "key": "Name",
                "propagate_at_launch": true,
                "value": "ecs-production-gov-v02-container-instance"
              }
            ],
            "tags": null,
            "target_group_arns": [],
            "termination_policies": [],
            "timeouts": null,
            "vpc_zone_identifier": [
              "subnet-04e27b7af0a76d7ee",
              "subnet-05203dc92b0823553",
              "subnet-096303542f2113a20"
            ],
            "wait_for_capacity_timeout": null,
            "wait_for_elb_capacity": null,
            "warm_pool": []
          },
          "sensitive_attributes": []
        }
      ]
    },
    {
      "mode": "managed",
      "type": "aws_autoscaling_group_tag",
      "name": "awseb_e_32xzmdus8p_stack_AWSEBAutoScalingGroup_DG4CSGRX6MCC_tag_Name",
      "provider": "provider[\"registry.terraform.io/hashicorp/aws\"]",
      "instances": [
        {
          "schema_version": 0,
          "attributes": {
            "autoscaling_group_name": "awseb-e-32xzmdus8p-stack-AWSEBAutoScalingGroup-DG4CSGRX6MCC",
            "id": "awseb-e-32xzmdus8p-stack-AWSEBAutoScalingGroup-DG4CSGRX6MCC,Name",
            "tag": [
              {
                "key": "Name",
                "propagate_at_launch": true,
                "value": "services-gateway-blue"
              }
            ]
          },
          "sensitive_attributes": []
        }
      ]
    },
    {
      "mode": "managed",
      "type": "aws_autoscaling_group_tag",
      "name": "awseb_e_32xzmdus8p_stack_AWSEBAutoScalingGroup_DG4CSGRX6MCC_tag_aws_cloudformation_logical_id",
      "provider": "provider[\"registry.terraform.io/hashicorp/aws\"]",
      "instances": [
        {
          "schema_version": 0,
          "attributes": {
            "autoscaling_group_name": "awseb-e-32xzmdus8p-stack-AWSEBAutoScalingGroup-DG4CSGRX6MCC",
            "id": "awseb-e-32xzmdus8p-stack-AWSEBAutoScalingGroup-DG4CSGRX6MCC,aws:cloudformation:logical-id",
            "tag": [
              {
                "key": "aws:cloudformation:logical-id",
                "propagate_at_launch": true,
                "value": "AWSEBAutoScalingGroup"
              }
            ]
          },
          "sensitive_attributes": []
        }
      ]
    },
    {
      "mode": "managed",
      "type": "aws_autoscaling_group_tag",
      "name": "awseb_e_32xzmdus8p_stack_AWSEBAutoScalingGroup_DG4CSGRX6MCC_tag_aws_cloudformation_stack_id",
      "provider": "provider[\"registry.terraform.io/hashicorp/aws\"]",
      "instances": [
        {
          "schema_version": 0,
          "attributes": {
            "autoscaling_group_name": "awseb-e-32xzmdus8p-stack-AWSEBAutoScalingGroup-DG4CSGRX6MCC",
            "id": "awseb-e-32xzmdus8p-stack-AWSEBAutoScalingGroup-DG4CSGRX6MCC,aws:cloudformation:stack-id",
            "tag": [
              {
                "key": "aws:cloudformation:stack-id",
                "propagate_at_launch": true,
                "value": "arn:aws-us-gov:cloudformation:us-gov-west-1:050779347855:stack/awseb-e-32xzmdus8p-stack/37a235f0-06dd-11ed-9790-0af3859fa8ce"
              }
            ]
          },
          "sensitive_attributes": []
        }
      ]
    },
    {
      "mode": "managed",
      "type": "aws_autoscaling_group_tag",
      "name": "awseb_e_32xzmdus8p_stack_AWSEBAutoScalingGroup_DG4CSGRX6MCC_tag_aws_cloudformation_stack_name",
      "provider": "provider[\"registry.terraform.io/hashicorp/aws\"]",
      "instances": [
        {
          "schema_version": 0,
          "attributes": {
            "autoscaling_group_name": "awseb-e-32xzmdus8p-stack-AWSEBAutoScalingGroup-DG4CSGRX6MCC",
            "id": "awseb-e-32xzmdus8p-stack-AWSEBAutoScalingGroup-DG4CSGRX6MCC,aws:cloudformation:stack-name",
            "tag": [
              {
                "key": "aws:cloudformation:stack-name",
                "propagate_at_launch": true,
                "value": "awseb-e-32xzmdus8p-stack"
              }
            ]
          },
          "sensitive_attributes": []
        }
      ]
    },
    {
      "mode": "managed",
      "type": "aws_autoscaling_group_tag",
      "name": "awseb_e_32xzmdus8p_stack_AWSEBAutoScalingGroup_DG4CSGRX6MCC_tag_elasticbeanstalk_environment_id",
      "provider": "provider[\"registry.terraform.io/hashicorp/aws\"]",
      "instances": [
        {
          "schema_version": 0,
          "attributes": {
            "autoscaling_group_name": "awseb-e-32xzmdus8p-stack-AWSEBAutoScalingGroup-DG4CSGRX6MCC",
            "id": "awseb-e-32xzmdus8p-stack-AWSEBAutoScalingGroup-DG4CSGRX6MCC,elasticbeanstalk:environment-id",
            "tag": [
              {
                "key": "elasticbeanstalk:environment-id",
                "propagate_at_launch": true,
                "value": "e-32xzmdus8p"
              }
            ]
          },
          "sensitive_attributes": []
        }
      ]
    },
    {
      "mode": "managed",
      "type": "aws_autoscaling_group_tag",
      "name": "awseb_e_32xzmdus8p_stack_AWSEBAutoScalingGroup_DG4CSGRX6MCC_tag_elasticbeanstalk_environment_name",
      "provider": "provider[\"registry.terraform.io/hashicorp/aws\"]",
      "instances": [
        {
          "schema_version": 0,
          "attributes": {
            "autoscaling_group_name": "awseb-e-32xzmdus8p-stack-AWSEBAutoScalingGroup-DG4CSGRX6MCC",
            "id": "awseb-e-32xzmdus8p-stack-AWSEBAutoScalingGroup-DG4CSGRX6MCC,elasticbeanstalk:environment-name",
            "tag": [
              {
                "key": "elasticbeanstalk:environment-name",
                "propagate_at_launch": true,
                "value": "services-gateway-blue"
              }
            ]
          },
          "sensitive_attributes": []
        }
      ]
    },
    {
      "mode": "managed",
      "type": "aws_autoscaling_group_tag",
      "name": "awseb_e_3evreti3za_stack_AWSEBAutoScalingGroup_1B0EJVZQ6UQV9_tag_Name",
      "provider": "provider[\"registry.terraform.io/hashicorp/aws\"]",
      "instances": [
        {
          "schema_version": 0,
          "attributes": {
            "autoscaling_group_name": "awseb-e-3evreti3za-stack-AWSEBAutoScalingGroup-1B0EJVZQ6UQV9",
            "id": "awseb-e-3evreti3za-stack-AWSEBAutoScalingGroup-1B0EJVZQ6UQV9,Name",
            "tag": [
              {
                "key": "Name",
                "propagate_at_launch": true,
                "value": "collaboration-person-blue"
              }
            ]
          },
          "sensitive_attributes": []
        }
      ]
    },
    {
      "mode": "managed",
      "type": "aws_autoscaling_group_tag",
      "name": "awseb_e_3evreti3za_stack_AWSEBAutoScalingGroup_1B0EJVZQ6UQV9_tag_aws_cloudformation_logical_id",
      "provider": "provider[\"registry.terraform.io/hashicorp/aws\"]",
      "instances": [
        {
          "schema_version": 0,
          "attributes": {
            "autoscaling_group_name": "awseb-e-3evreti3za-stack-AWSEBAutoScalingGroup-1B0EJVZQ6UQV9",
            "id": "awseb-e-3evreti3za-stack-AWSEBAutoScalingGroup-1B0EJVZQ6UQV9,aws:cloudformation:logical-id",
            "tag": [
              {
                "key": "aws:cloudformation:logical-id",
                "propagate_at_launch": true,
                "value": "AWSEBAutoScalingGroup"
              }
            ]
          },
          "sensitive_attributes": []
        }
      ]
    },
    {
      "mode": "managed",
      "type": "aws_autoscaling_group_tag",
      "name": "awseb_e_3evreti3za_stack_AWSEBAutoScalingGroup_1B0EJVZQ6UQV9_tag_aws_cloudformation_stack_id",
      "provider": "provider[\"registry.terraform.io/hashicorp/aws\"]",
      "instances": [
        {
          "schema_version": 0,
          "attributes": {
            "autoscaling_group_name": "awseb-e-3evreti3za-stack-AWSEBAutoScalingGroup-1B0EJVZQ6UQV9",
            "id": "awseb-e-3evreti3za-stack-AWSEBAutoScalingGroup-1B0EJVZQ6UQV9,aws:cloudformation:stack-id",
            "tag": [
              {
                "key": "aws:cloudformation:stack-id",
                "propagate_at_launch": true,
                "value": "arn:aws-us-gov:cloudformation:us-gov-west-1:050779347855:stack/awseb-e-3evreti3za-stack/f241c380-0395-11ed-b8bd-0283434cac1e"
              }
            ]
          },
          "sensitive_attributes": []
        }
      ]
    },
    {
      "mode": "managed",
      "type": "aws_autoscaling_group_tag",
      "name": "awseb_e_3evreti3za_stack_AWSEBAutoScalingGroup_1B0EJVZQ6UQV9_tag_aws_cloudformation_stack_name",
      "provider": "provider[\"registry.terraform.io/hashicorp/aws\"]",
      "instances": [
        {
          "schema_version": 0,
          "attributes": {
            "autoscaling_group_name": "awseb-e-3evreti3za-stack-AWSEBAutoScalingGroup-1B0EJVZQ6UQV9",
            "id": "awseb-e-3evreti3za-stack-AWSEBAutoScalingGroup-1B0EJVZQ6UQV9,aws:cloudformation:stack-name",
            "tag": [
              {
                "key": "aws:cloudformation:stack-name",
                "propagate_at_launch": true,
                "value": "awseb-e-3evreti3za-stack"
              }
            ]
          },
          "sensitive_attributes": []
        }
      ]
    },
    {
      "mode": "managed",
      "type": "aws_autoscaling_group_tag",
      "name": "awseb_e_3evreti3za_stack_AWSEBAutoScalingGroup_1B0EJVZQ6UQV9_tag_elasticbeanstalk_environment_id",
      "provider": "provider[\"registry.terraform.io/hashicorp/aws\"]",
      "instances": [
        {
          "schema_version": 0,
          "attributes": {
            "autoscaling_group_name": "awseb-e-3evreti3za-stack-AWSEBAutoScalingGroup-1B0EJVZQ6UQV9",
            "id": "awseb-e-3evreti3za-stack-AWSEBAutoScalingGroup-1B0EJVZQ6UQV9,elasticbeanstalk:environment-id",
            "tag": [
              {
                "key": "elasticbeanstalk:environment-id",
                "propagate_at_launch": true,
                "value": "e-3evreti3za"
              }
            ]
          },
          "sensitive_attributes": []
        }
      ]
    },
    {
      "mode": "managed",
      "type": "aws_autoscaling_group_tag",
      "name": "awseb_e_3evreti3za_stack_AWSEBAutoScalingGroup_1B0EJVZQ6UQV9_tag_elasticbeanstalk_environment_name",
      "provider": "provider[\"registry.terraform.io/hashicorp/aws\"]",
      "instances": [
        {
          "schema_version": 0,
          "attributes": {
            "autoscaling_group_name": "awseb-e-3evreti3za-stack-AWSEBAutoScalingGroup-1B0EJVZQ6UQV9",
            "id": "awseb-e-3evreti3za-stack-AWSEBAutoScalingGroup-1B0EJVZQ6UQV9,elasticbeanstalk:environment-name",
            "tag": [
              {
                "key": "elasticbeanstalk:environment-name",
                "propagate_at_launch": true,
                "value": "collaboration-person-blue"
              }
            ]
          },
          "sensitive_attributes": []
        }
      ]
    },
    {
      "mode": "managed",
      "type": "aws_autoscaling_group_tag",
      "name": "awseb_e_59p3bpnwec_stack_AWSEBAutoScalingGroup_1ON4K0NW5K7WO_tag_Name",
      "provider": "provider[\"registry.terraform.io/hashicorp/aws\"]",
      "instances": [
        {
          "schema_version": 0,
          "attributes": {
            "autoscaling_group_name": "awseb-e-59p3bpnwec-stack-AWSEBAutoScalingGroup-1ON4K0NW5K7WO",
            "id": "awseb-e-59p3bpnwec-stack-AWSEBAutoScalingGroup-1ON4K0NW5K7WO,Name",
            "tag": [
              {
                "key": "Name",
                "propagate_at_launch": true,
                "value": "learner-web-ui-gateway-blue"
              }
            ]
          },
          "sensitive_attributes": []
        }
      ]
    },
    {
      "mode": "managed",
      "type": "aws_autoscaling_group_tag",
      "name": "awseb_e_59p3bpnwec_stack_AWSEBAutoScalingGroup_1ON4K0NW5K7WO_tag_aws_cloudformation_logical_id",
      "provider": "provider[\"registry.terraform.io/hashicorp/aws\"]",
      "instances": [
        {
          "schema_version": 0,
          "attributes": {
            "autoscaling_group_name": "awseb-e-59p3bpnwec-stack-AWSEBAutoScalingGroup-1ON4K0NW5K7WO",
            "id": "awseb-e-59p3bpnwec-stack-AWSEBAutoScalingGroup-1ON4K0NW5K7WO,aws:cloudformation:logical-id",
            "tag": [
              {
                "key": "aws:cloudformation:logical-id",
                "propagate_at_launch": true,
                "value": "AWSEBAutoScalingGroup"
              }
            ]
          },
          "sensitive_attributes": []
        }
      ]
    },
    {
      "mode": "managed",
      "type": "aws_autoscaling_group_tag",
      "name": "awseb_e_59p3bpnwec_stack_AWSEBAutoScalingGroup_1ON4K0NW5K7WO_tag_aws_cloudformation_stack_id",
      "provider": "provider[\"registry.terraform.io/hashicorp/aws\"]",
      "instances": [
        {
          "schema_version": 0,
          "attributes": {
            "autoscaling_group_name": "awseb-e-59p3bpnwec-stack-AWSEBAutoScalingGroup-1ON4K0NW5K7WO",
            "id": "awseb-e-59p3bpnwec-stack-AWSEBAutoScalingGroup-1ON4K0NW5K7WO,aws:cloudformation:stack-id",
            "tag": [
              {
                "key": "aws:cloudformation:stack-id",
                "propagate_at_launch": true,
                "value": "arn:aws-us-gov:cloudformation:us-gov-west-1:050779347855:stack/awseb-e-59p3bpnwec-stack/5f360e30-03b7-11ed-93c0-06b45c2dc5aa"
              }
            ]
          },
          "sensitive_attributes": []
        }
      ]
    },
    {
      "mode": "managed",
      "type": "aws_autoscaling_group_tag",
      "name": "awseb_e_59p3bpnwec_stack_AWSEBAutoScalingGroup_1ON4K0NW5K7WO_tag_aws_cloudformation_stack_name",
      "provider": "provider[\"registry.terraform.io/hashicorp/aws\"]",
      "instances": [
        {
          "schema_version": 0,
          "attributes": {
            "autoscaling_group_name": "awseb-e-59p3bpnwec-stack-AWSEBAutoScalingGroup-1ON4K0NW5K7WO",
            "id": "awseb-e-59p3bpnwec-stack-AWSEBAutoScalingGroup-1ON4K0NW5K7WO,aws:cloudformation:stack-name",
            "tag": [
              {
                "key": "aws:cloudformation:stack-name",
                "propagate_at_launch": true,
                "value": "awseb-e-59p3bpnwec-stack"
              }
            ]
          },
          "sensitive_attributes": []
        }
      ]
    },
    {
      "mode": "managed",
      "type": "aws_autoscaling_group_tag",
      "name": "awseb_e_59p3bpnwec_stack_AWSEBAutoScalingGroup_1ON4K0NW5K7WO_tag_elasticbeanstalk_environment_id",
      "provider": "provider[\"registry.terraform.io/hashicorp/aws\"]",
      "instances": [
        {
          "schema_version": 0,
          "attributes": {
            "autoscaling_group_name": "awseb-e-59p3bpnwec-stack-AWSEBAutoScalingGroup-1ON4K0NW5K7WO",
            "id": "awseb-e-59p3bpnwec-stack-AWSEBAutoScalingGroup-1ON4K0NW5K7WO,elasticbeanstalk:environment-id",
            "tag": [
              {
                "key": "elasticbeanstalk:environment-id",
                "propagate_at_launch": true,
                "value": "e-59p3bpnwec"
              }
            ]
          },
          "sensitive_attributes": []
        }
      ]
    },
    {
      "mode": "managed",
      "type": "aws_autoscaling_group_tag",
      "name": "awseb_e_59p3bpnwec_stack_AWSEBAutoScalingGroup_1ON4K0NW5K7WO_tag_elasticbeanstalk_environment_name",
      "provider": "provider[\"registry.terraform.io/hashicorp/aws\"]",
      "instances": [
        {
          "schema_version": 0,
          "attributes": {
            "autoscaling_group_name": "awseb-e-59p3bpnwec-stack-AWSEBAutoScalingGroup-1ON4K0NW5K7WO",
            "id": "awseb-e-59p3bpnwec-stack-AWSEBAutoScalingGroup-1ON4K0NW5K7WO,elasticbeanstalk:environment-name",
            "tag": [
              {
                "key": "elasticbeanstalk:environment-name",
                "propagate_at_launch": true,
                "value": "learner-web-ui-gateway-blue"
              }
            ]
          },
          "sensitive_attributes": []
        }
      ]
    },
    {
      "mode": "managed",
      "type": "aws_autoscaling_group_tag",
      "name": "awseb_e_bmqqxwyjst_stack_AWSEBAutoScalingGroup_LJXY7KQWBLXK_tag_Name",
      "provider": "provider[\"registry.terraform.io/hashicorp/aws\"]",
      "instances": [
        {
          "schema_version": 0,
          "attributes": {
            "autoscaling_group_name": "awseb-e-bmqqxwyjst-stack-AWSEBAutoScalingGroup-LJXY7KQWBLXK",
            "id": "awseb-e-bmqqxwyjst-stack-AWSEBAutoScalingGroup-LJXY7KQWBLXK,Name",
            "tag": [
              {
                "key": "Name",
                "propagate_at_launch": true,
                "value": "form-service-blue"
              }
            ]
          },
          "sensitive_attributes": []
        }
      ]
    },
    {
      "mode": "managed",
      "type": "aws_autoscaling_group_tag",
      "name": "awseb_e_bmqqxwyjst_stack_AWSEBAutoScalingGroup_LJXY7KQWBLXK_tag_aws_cloudformation_logical_id",
      "provider": "provider[\"registry.terraform.io/hashicorp/aws\"]",
      "instances": [
        {
          "schema_version": 0,
          "attributes": {
            "autoscaling_group_name": "awseb-e-bmqqxwyjst-stack-AWSEBAutoScalingGroup-LJXY7KQWBLXK",
            "id": "awseb-e-bmqqxwyjst-stack-AWSEBAutoScalingGroup-LJXY7KQWBLXK,aws:cloudformation:logical-id",
            "tag": [
              {
                "key": "aws:cloudformation:logical-id",
                "propagate_at_launch": true,
                "value": "AWSEBAutoScalingGroup"
              }
            ]
          },
          "sensitive_attributes": []
        }
      ]
    },
    {
      "mode": "managed",
      "type": "aws_autoscaling_group_tag",
      "name": "awseb_e_bmqqxwyjst_stack_AWSEBAutoScalingGroup_LJXY7KQWBLXK_tag_aws_cloudformation_stack_id",
      "provider": "provider[\"registry.terraform.io/hashicorp/aws\"]",
      "instances": [
        {
          "schema_version": 0,
          "attributes": {
            "autoscaling_group_name": "awseb-e-bmqqxwyjst-stack-AWSEBAutoScalingGroup-LJXY7KQWBLXK",
            "id": "awseb-e-bmqqxwyjst-stack-AWSEBAutoScalingGroup-LJXY7KQWBLXK,aws:cloudformation:stack-id",
            "tag": [
              {
                "key": "aws:cloudformation:stack-id",
                "propagate_at_launch": true,
                "value": "arn:aws-us-gov:cloudformation:us-gov-west-1:050779347855:stack/awseb-e-bmqqxwyjst-stack/3994f5a0-02f5-11ed-af7a-06a846c75e3e"
              }
            ]
          },
          "sensitive_attributes": []
        }
      ]
    },
    {
      "mode": "managed",
      "type": "aws_autoscaling_group_tag",
      "name": "awseb_e_bmqqxwyjst_stack_AWSEBAutoScalingGroup_LJXY7KQWBLXK_tag_aws_cloudformation_stack_name",
      "provider": "provider[\"registry.terraform.io/hashicorp/aws\"]",
      "instances": [
        {
          "schema_version": 0,
          "attributes": {
            "autoscaling_group_name": "awseb-e-bmqqxwyjst-stack-AWSEBAutoScalingGroup-LJXY7KQWBLXK",
            "id": "awseb-e-bmqqxwyjst-stack-AWSEBAutoScalingGroup-LJXY7KQWBLXK,aws:cloudformation:stack-name",
            "tag": [
              {
                "key": "aws:cloudformation:stack-name",
                "propagate_at_launch": true,
                "value": "awseb-e-bmqqxwyjst-stack"
              }
            ]
          },
          "sensitive_attributes": []
        }
      ]
    },
    {
      "mode": "managed",
      "type": "aws_autoscaling_group_tag",
      "name": "awseb_e_bmqqxwyjst_stack_AWSEBAutoScalingGroup_LJXY7KQWBLXK_tag_elasticbeanstalk_environment_id",
      "provider": "provider[\"registry.terraform.io/hashicorp/aws\"]",
      "instances": [
        {
          "schema_version": 0,
          "attributes": {
            "autoscaling_group_name": "awseb-e-bmqqxwyjst-stack-AWSEBAutoScalingGroup-LJXY7KQWBLXK",
            "id": "awseb-e-bmqqxwyjst-stack-AWSEBAutoScalingGroup-LJXY7KQWBLXK,elasticbeanstalk:environment-id",
            "tag": [
              {
                "key": "elasticbeanstalk:environment-id",
                "propagate_at_launch": true,
                "value": "e-bmqqxwyjst"
              }
            ]
          },
          "sensitive_attributes": []
        }
      ]
    },
    {
      "mode": "managed",
      "type": "aws_autoscaling_group_tag",
      "name": "awseb_e_bmqqxwyjst_stack_AWSEBAutoScalingGroup_LJXY7KQWBLXK_tag_elasticbeanstalk_environment_name",
      "provider": "provider[\"registry.terraform.io/hashicorp/aws\"]",
      "instances": [
        {
          "schema_version": 0,
          "attributes": {
            "autoscaling_group_name": "awseb-e-bmqqxwyjst-stack-AWSEBAutoScalingGroup-LJXY7KQWBLXK",
            "id": "awseb-e-bmqqxwyjst-stack-AWSEBAutoScalingGroup-LJXY7KQWBLXK,elasticbeanstalk:environment-name",
            "tag": [
              {
                "key": "elasticbeanstalk:environment-name",
                "propagate_at_launch": true,
                "value": "form-service-blue"
              }
            ]
          },
          "sensitive_attributes": []
        }
      ]
    },
    {
      "mode": "managed",
      "type": "aws_autoscaling_group_tag",
      "name": "awseb_e_bner7vhrif_stack_AWSEBAutoScalingGroup_1ROG3ORZMMX48_tag_Name",
      "provider": "provider[\"registry.terraform.io/hashicorp/aws\"]",
      "instances": [
        {
          "schema_version": 0,
          "attributes": {
            "autoscaling_group_name": "awseb-e-bner7vhrif-stack-AWSEBAutoScalingGroup-1ROG3ORZMMX48",
            "id": "awseb-e-bner7vhrif-stack-AWSEBAutoScalingGroup-1ROG3ORZMMX48,Name",
            "tag": [
              {
                "key": "Name",
                "propagate_at_launch": true,
                "value": "capillary-web-ui-gateway-blue"
              }
            ]
          },
          "sensitive_attributes": []
        }
      ]
    },
    {
      "mode": "managed",
      "type": "aws_autoscaling_group_tag",
      "name": "awseb_e_bner7vhrif_stack_AWSEBAutoScalingGroup_1ROG3ORZMMX48_tag_aws_cloudformation_logical_id",
      "provider": "provider[\"registry.terraform.io/hashicorp/aws\"]",
      "instances": [
        {
          "schema_version": 0,
          "attributes": {
            "autoscaling_group_name": "awseb-e-bner7vhrif-stack-AWSEBAutoScalingGroup-1ROG3ORZMMX48",
            "id": "awseb-e-bner7vhrif-stack-AWSEBAutoScalingGroup-1ROG3ORZMMX48,aws:cloudformation:logical-id",
            "tag": [
              {
                "key": "aws:cloudformation:logical-id",
                "propagate_at_launch": true,
                "value": "AWSEBAutoScalingGroup"
              }
            ]
          },
          "sensitive_attributes": []
        }
      ]
    },
    {
      "mode": "managed",
      "type": "aws_autoscaling_group_tag",
      "name": "awseb_e_bner7vhrif_stack_AWSEBAutoScalingGroup_1ROG3ORZMMX48_tag_aws_cloudformation_stack_id",
      "provider": "provider[\"registry.terraform.io/hashicorp/aws\"]",
      "instances": [
        {
          "schema_version": 0,
          "attributes": {
            "autoscaling_group_name": "awseb-e-bner7vhrif-stack-AWSEBAutoScalingGroup-1ROG3ORZMMX48",
            "id": "awseb-e-bner7vhrif-stack-AWSEBAutoScalingGroup-1ROG3ORZMMX48,aws:cloudformation:stack-id",
            "tag": [
              {
                "key": "aws:cloudformation:stack-id",
                "propagate_at_launch": true,
                "value": "arn:aws-us-gov:cloudformation:us-gov-west-1:050779347855:stack/awseb-e-bner7vhrif-stack/a9b89740-9c35-11ed-b355-02a85871835c"
              }
            ]
          },
          "sensitive_attributes": []
        }
      ]
    },
    {
      "mode": "managed",
      "type": "aws_autoscaling_group_tag",
      "name": "awseb_e_bner7vhrif_stack_AWSEBAutoScalingGroup_1ROG3ORZMMX48_tag_aws_cloudformation_stack_name",
      "provider": "provider[\"registry.terraform.io/hashicorp/aws\"]",
      "instances": [
        {
          "schema_version": 0,
          "attributes": {
            "autoscaling_group_name": "awseb-e-bner7vhrif-stack-AWSEBAutoScalingGroup-1ROG3ORZMMX48",
            "id": "awseb-e-bner7vhrif-stack-AWSEBAutoScalingGroup-1ROG3ORZMMX48,aws:cloudformation:stack-name",
            "tag": [
              {
                "key": "aws:cloudformation:stack-name",
                "propagate_at_launch": true,
                "value": "awseb-e-bner7vhrif-stack"
              }
            ]
          },
          "sensitive_attributes": []
        }
      ]
    },
    {
      "mode": "managed",
      "type": "aws_autoscaling_group_tag",
      "name": "awseb_e_bner7vhrif_stack_AWSEBAutoScalingGroup_1ROG3ORZMMX48_tag_elasticbeanstalk_environment_id",
      "provider": "provider[\"registry.terraform.io/hashicorp/aws\"]",
      "instances": [
        {
          "schema_version": 0,
          "attributes": {
            "autoscaling_group_name": "awseb-e-bner7vhrif-stack-AWSEBAutoScalingGroup-1ROG3ORZMMX48",
            "id": "awseb-e-bner7vhrif-stack-AWSEBAutoScalingGroup-1ROG3ORZMMX48,elasticbeanstalk:environment-id",
            "tag": [
              {
                "key": "elasticbeanstalk:environment-id",
                "propagate_at_launch": true,
                "value": "e-bner7vhrif"
              }
            ]
          },
          "sensitive_attributes": []
        }
      ]
    },
    {
      "mode": "managed",
      "type": "aws_autoscaling_group_tag",
      "name": "awseb_e_bner7vhrif_stack_AWSEBAutoScalingGroup_1ROG3ORZMMX48_tag_elasticbeanstalk_environment_name",
      "provider": "provider[\"registry.terraform.io/hashicorp/aws\"]",
      "instances": [
        {
          "schema_version": 0,
          "attributes": {
            "autoscaling_group_name": "awseb-e-bner7vhrif-stack-AWSEBAutoScalingGroup-1ROG3ORZMMX48",
            "id": "awseb-e-bner7vhrif-stack-AWSEBAutoScalingGroup-1ROG3ORZMMX48,elasticbeanstalk:environment-name",
            "tag": [
              {
                "key": "elasticbeanstalk:environment-name",
                "propagate_at_launch": true,
                "value": "capillary-web-ui-gateway-blue"
              }
            ]
          },
          "sensitive_attributes": []
        }
      ]
    },
    {
      "mode": "managed",
      "type": "aws_autoscaling_group_tag",
      "name": "awseb_e_fbj96npvkw_stack_AWSEBAutoScalingGroup_1MV2WEQG4C74B_tag_Name",
      "provider": "provider[\"registry.terraform.io/hashicorp/aws\"]",
      "instances": [
        {
          "schema_version": 0,
          "attributes": {
            "autoscaling_group_name": "awseb-e-fbj96npvkw-stack-AWSEBAutoScalingGroup-1MV2WEQG4C74B",
            "id": "awseb-e-fbj96npvkw-stack-AWSEBAutoScalingGroup-1MV2WEQG4C74B,Name",
            "tag": [
              {
                "key": "Name",
                "propagate_at_launch": true,
                "value": "identity-service-blue"
              }
            ]
          },
          "sensitive_attributes": []
        }
      ]
    },
    {
      "mode": "managed",
      "type": "aws_autoscaling_group_tag",
      "name": "awseb_e_fbj96npvkw_stack_AWSEBAutoScalingGroup_1MV2WEQG4C74B_tag_aws_cloudformation_logical_id",
      "provider": "provider[\"registry.terraform.io/hashicorp/aws\"]",
      "instances": [
        {
          "schema_version": 0,
          "attributes": {
            "autoscaling_group_name": "awseb-e-fbj96npvkw-stack-AWSEBAutoScalingGroup-1MV2WEQG4C74B",
            "id": "awseb-e-fbj96npvkw-stack-AWSEBAutoScalingGroup-1MV2WEQG4C74B,aws:cloudformation:logical-id",
            "tag": [
              {
                "key": "aws:cloudformation:logical-id",
                "propagate_at_launch": true,
                "value": "AWSEBAutoScalingGroup"
              }
            ]
          },
          "sensitive_attributes": []
        }
      ]
    },
    {
      "mode": "managed",
      "type": "aws_autoscaling_group_tag",
      "name": "awseb_e_fbj96npvkw_stack_AWSEBAutoScalingGroup_1MV2WEQG4C74B_tag_aws_cloudformation_stack_id",
      "provider": "provider[\"registry.terraform.io/hashicorp/aws\"]",
      "instances": [
        {
          "schema_version": 0,
          "attributes": {
            "autoscaling_group_name": "awseb-e-fbj96npvkw-stack-AWSEBAutoScalingGroup-1MV2WEQG4C74B",
            "id": "awseb-e-fbj96npvkw-stack-AWSEBAutoScalingGroup-1MV2WEQG4C74B,aws:cloudformation:stack-id",
            "tag": [
              {
                "key": "aws:cloudformation:stack-id",
                "propagate_at_launch": true,
                "value": "arn:aws-us-gov:cloudformation:us-gov-west-1:050779347855:stack/awseb-e-fbj96npvkw-stack/b1901640-de30-11ed-8b14-02612278158e"
              }
            ]
          },
          "sensitive_attributes": []
        }
      ]
    },
    {
      "mode": "managed",
      "type": "aws_autoscaling_group_tag",
      "name": "awseb_e_fbj96npvkw_stack_AWSEBAutoScalingGroup_1MV2WEQG4C74B_tag_aws_cloudformation_stack_name",
      "provider": "provider[\"registry.terraform.io/hashicorp/aws\"]",
      "instances": [
        {
          "schema_version": 0,
          "attributes": {
            "autoscaling_group_name": "awseb-e-fbj96npvkw-stack-AWSEBAutoScalingGroup-1MV2WEQG4C74B",
            "id": "awseb-e-fbj96npvkw-stack-AWSEBAutoScalingGroup-1MV2WEQG4C74B,aws:cloudformation:stack-name",
            "tag": [
              {
                "key": "aws:cloudformation:stack-name",
                "propagate_at_launch": true,
                "value": "awseb-e-fbj96npvkw-stack"
              }
            ]
          },
          "sensitive_attributes": []
        }
      ]
    },
    {
      "mode": "managed",
      "type": "aws_autoscaling_group_tag",
      "name": "awseb_e_fbj96npvkw_stack_AWSEBAutoScalingGroup_1MV2WEQG4C74B_tag_elasticbeanstalk_environment_id",
      "provider": "provider[\"registry.terraform.io/hashicorp/aws\"]",
      "instances": [
        {
          "schema_version": 0,
          "attributes": {
            "autoscaling_group_name": "awseb-e-fbj96npvkw-stack-AWSEBAutoScalingGroup-1MV2WEQG4C74B",
            "id": "awseb-e-fbj96npvkw-stack-AWSEBAutoScalingGroup-1MV2WEQG4C74B,elasticbeanstalk:environment-id",
            "tag": [
              {
                "key": "elasticbeanstalk:environment-id",
                "propagate_at_launch": true,
                "value": "e-fbj96npvkw"
              }
            ]
          },
          "sensitive_attributes": []
        }
      ]
    },
    {
      "mode": "managed",
      "type": "aws_autoscaling_group_tag",
      "name": "awseb_e_fbj96npvkw_stack_AWSEBAutoScalingGroup_1MV2WEQG4C74B_tag_elasticbeanstalk_environment_name",
      "provider": "provider[\"registry.terraform.io/hashicorp/aws\"]",
      "instances": [
        {
          "schema_version": 0,
          "attributes": {
            "autoscaling_group_name": "awseb-e-fbj96npvkw-stack-AWSEBAutoScalingGroup-1MV2WEQG4C74B",
            "id": "awseb-e-fbj96npvkw-stack-AWSEBAutoScalingGroup-1MV2WEQG4C74B,elasticbeanstalk:environment-name",
            "tag": [
              {
                "key": "elasticbeanstalk:environment-name",
                "propagate_at_launch": true,
                "value": "identity-service-blue"
              }
            ]
          },
          "sensitive_attributes": []
        }
      ]
    },
    {
      "mode": "managed",
      "type": "aws_autoscaling_group_tag",
      "name": "awseb_e_fmzgrfkcqp_stack_AWSEBAutoScalingGroup_VMGLQ3UKK1KY_tag_Name",
      "provider": "provider[\"registry.terraform.io/hashicorp/aws\"]",
      "instances": [
        {
          "schema_version": 0,
          "attributes": {
            "autoscaling_group_name": "awseb-e-fmzgrfkcqp-stack-AWSEBAutoScalingGroup-VMGLQ3UKK1KY",
            "id": "awseb-e-fmzgrfkcqp-stack-AWSEBAutoScalingGroup-VMGLQ3UKK1KY,Name",
            "tag": [
              {
                "key": "Name",
                "propagate_at_launch": true,
                "value": "book-service-blue"
              }
            ]
          },
          "sensitive_attributes": []
        }
      ]
    },
    {
      "mode": "managed",
      "type": "aws_autoscaling_group_tag",
      "name": "awseb_e_fmzgrfkcqp_stack_AWSEBAutoScalingGroup_VMGLQ3UKK1KY_tag_aws_cloudformation_logical_id",
      "provider": "provider[\"registry.terraform.io/hashicorp/aws\"]",
      "instances": [
        {
          "schema_version": 0,
          "attributes": {
            "autoscaling_group_name": "awseb-e-fmzgrfkcqp-stack-AWSEBAutoScalingGroup-VMGLQ3UKK1KY",
            "id": "awseb-e-fmzgrfkcqp-stack-AWSEBAutoScalingGroup-VMGLQ3UKK1KY,aws:cloudformation:logical-id",
            "tag": [
              {
                "key": "aws:cloudformation:logical-id",
                "propagate_at_launch": true,
                "value": "AWSEBAutoScalingGroup"
              }
            ]
          },
          "sensitive_attributes": []
        }
      ]
    },
    {
      "mode": "managed",
      "type": "aws_autoscaling_group_tag",
      "name": "awseb_e_fmzgrfkcqp_stack_AWSEBAutoScalingGroup_VMGLQ3UKK1KY_tag_aws_cloudformation_stack_id",
      "provider": "provider[\"registry.terraform.io/hashicorp/aws\"]",
      "instances": [
        {
          "schema_version": 0,
          "attributes": {
            "autoscaling_group_name": "awseb-e-fmzgrfkcqp-stack-AWSEBAutoScalingGroup-VMGLQ3UKK1KY",
            "id": "awseb-e-fmzgrfkcqp-stack-AWSEBAutoScalingGroup-VMGLQ3UKK1KY,aws:cloudformation:stack-id",
            "tag": [
              {
                "key": "aws:cloudformation:stack-id",
                "propagate_at_launch": true,
                "value": "arn:aws-us-gov:cloudformation:us-gov-west-1:050779347855:stack/awseb-e-fmzgrfkcqp-stack/c8a2cd90-a17d-11ed-be8e-06938baa4238"
              }
            ]
          },
          "sensitive_attributes": []
        }
      ]
    },
    {
      "mode": "managed",
      "type": "aws_autoscaling_group_tag",
      "name": "awseb_e_fmzgrfkcqp_stack_AWSEBAutoScalingGroup_VMGLQ3UKK1KY_tag_aws_cloudformation_stack_name",
      "provider": "provider[\"registry.terraform.io/hashicorp/aws\"]",
      "instances": [
        {
          "schema_version": 0,
          "attributes": {
            "autoscaling_group_name": "awseb-e-fmzgrfkcqp-stack-AWSEBAutoScalingGroup-VMGLQ3UKK1KY",
            "id": "awseb-e-fmzgrfkcqp-stack-AWSEBAutoScalingGroup-VMGLQ3UKK1KY,aws:cloudformation:stack-name",
            "tag": [
              {
                "key": "aws:cloudformation:stack-name",
                "propagate_at_launch": true,
                "value": "awseb-e-fmzgrfkcqp-stack"
              }
            ]
          },
          "sensitive_attributes": []
        }
      ]
    },
    {
      "mode": "managed",
      "type": "aws_autoscaling_group_tag",
      "name": "awseb_e_fmzgrfkcqp_stack_AWSEBAutoScalingGroup_VMGLQ3UKK1KY_tag_elasticbeanstalk_environment_id",
      "provider": "provider[\"registry.terraform.io/hashicorp/aws\"]",
      "instances": [
        {
          "schema_version": 0,
          "attributes": {
            "autoscaling_group_name": "awseb-e-fmzgrfkcqp-stack-AWSEBAutoScalingGroup-VMGLQ3UKK1KY",
            "id": "awseb-e-fmzgrfkcqp-stack-AWSEBAutoScalingGroup-VMGLQ3UKK1KY,elasticbeanstalk:environment-id",
            "tag": [
              {
                "key": "elasticbeanstalk:environment-id",
                "propagate_at_launch": true,
                "value": "e-fmzgrfkcqp"
              }
            ]
          },
          "sensitive_attributes": []
        }
      ]
    },
    {
      "mode": "managed",
      "type": "aws_autoscaling_group_tag",
      "name": "awseb_e_fmzgrfkcqp_stack_AWSEBAutoScalingGroup_VMGLQ3UKK1KY_tag_elasticbeanstalk_environment_name",
      "provider": "provider[\"registry.terraform.io/hashicorp/aws\"]",
      "instances": [
        {
          "schema_version": 0,
          "attributes": {
            "autoscaling_group_name": "awseb-e-fmzgrfkcqp-stack-AWSEBAutoScalingGroup-VMGLQ3UKK1KY",
            "id": "awseb-e-fmzgrfkcqp-stack-AWSEBAutoScalingGroup-VMGLQ3UKK1KY,elasticbeanstalk:environment-name",
            "tag": [
              {
                "key": "elasticbeanstalk:environment-name",
                "propagate_at_launch": true,
                "value": "book-service-blue"
              }
            ]
          },
          "sensitive_attributes": []
        }
      ]
    },
    {
      "mode": "managed",
      "type": "aws_autoscaling_group_tag",
      "name": "awseb_e_jgrjparfpf_stack_AWSEBAutoScalingGroup_NCF5DZ76ITDN_tag_Name",
      "provider": "provider[\"registry.terraform.io/hashicorp/aws\"]",
      "instances": [
        {
          "schema_version": 0,
          "attributes": {
            "autoscaling_group_name": "awseb-e-jgrjparfpf-stack-AWSEBAutoScalingGroup-NCF5DZ76ITDN",
            "id": "awseb-e-jgrjparfpf-stack-AWSEBAutoScalingGroup-NCF5DZ76ITDN,Name",
            "tag": [
              {
                "key": "Name",
                "propagate_at_launch": true,
                "value": "dbt-clinician-web-green"
              }
            ]
          },
          "sensitive_attributes": []
        }
      ]
    },
    {
      "mode": "managed",
      "type": "aws_autoscaling_group_tag",
      "name": "awseb_e_jgrjparfpf_stack_AWSEBAutoScalingGroup_NCF5DZ76ITDN_tag_aws_cloudformation_logical_id",
      "provider": "provider[\"registry.terraform.io/hashicorp/aws\"]",
      "instances": [
        {
          "schema_version": 0,
          "attributes": {
            "autoscaling_group_name": "awseb-e-jgrjparfpf-stack-AWSEBAutoScalingGroup-NCF5DZ76ITDN",
            "id": "awseb-e-jgrjparfpf-stack-AWSEBAutoScalingGroup-NCF5DZ76ITDN,aws:cloudformation:logical-id",
            "tag": [
              {
                "key": "aws:cloudformation:logical-id",
                "propagate_at_launch": true,
                "value": "AWSEBAutoScalingGroup"
              }
            ]
          },
          "sensitive_attributes": []
        }
      ]
    },
    {
      "mode": "managed",
      "type": "aws_autoscaling_group_tag",
      "name": "awseb_e_jgrjparfpf_stack_AWSEBAutoScalingGroup_NCF5DZ76ITDN_tag_aws_cloudformation_stack_id",
      "provider": "provider[\"registry.terraform.io/hashicorp/aws\"]",
      "instances": [
        {
          "schema_version": 0,
          "attributes": {
            "autoscaling_group_name": "awseb-e-jgrjparfpf-stack-AWSEBAutoScalingGroup-NCF5DZ76ITDN",
            "id": "awseb-e-jgrjparfpf-stack-AWSEBAutoScalingGroup-NCF5DZ76ITDN,aws:cloudformation:stack-id",
            "tag": [
              {
                "key": "aws:cloudformation:stack-id",
                "propagate_at_launch": true,
                "value": "arn:aws-us-gov:cloudformation:us-gov-west-1:050779347855:stack/awseb-e-jgrjparfpf-stack/0f1615a0-1fe9-11ed-b252-06ca4f445a66"
              }
            ]
          },
          "sensitive_attributes": []
        }
      ]
    },
    {
      "mode": "managed",
      "type": "aws_autoscaling_group_tag",
      "name": "awseb_e_jgrjparfpf_stack_AWSEBAutoScalingGroup_NCF5DZ76ITDN_tag_aws_cloudformation_stack_name",
      "provider": "provider[\"registry.terraform.io/hashicorp/aws\"]",
      "instances": [
        {
          "schema_version": 0,
          "attributes": {
            "autoscaling_group_name": "awseb-e-jgrjparfpf-stack-AWSEBAutoScalingGroup-NCF5DZ76ITDN",
            "id": "awseb-e-jgrjparfpf-stack-AWSEBAutoScalingGroup-NCF5DZ76ITDN,aws:cloudformation:stack-name",
            "tag": [
              {
                "key": "aws:cloudformation:stack-name",
                "propagate_at_launch": true,
                "value": "awseb-e-jgrjparfpf-stack"
              }
            ]
          },
          "sensitive_attributes": []
        }
      ]
    },
    {
      "mode": "managed",
      "type": "aws_autoscaling_group_tag",
      "name": "awseb_e_jgrjparfpf_stack_AWSEBAutoScalingGroup_NCF5DZ76ITDN_tag_elasticbeanstalk_environment_id",
      "provider": "provider[\"registry.terraform.io/hashicorp/aws\"]",
      "instances": [
        {
          "schema_version": 0,
          "attributes": {
            "autoscaling_group_name": "awseb-e-jgrjparfpf-stack-AWSEBAutoScalingGroup-NCF5DZ76ITDN",
            "id": "awseb-e-jgrjparfpf-stack-AWSEBAutoScalingGroup-NCF5DZ76ITDN,elasticbeanstalk:environment-id",
            "tag": [
              {
                "key": "elasticbeanstalk:environment-id",
                "propagate_at_launch": true,
                "value": "e-jgrjparfpf"
              }
            ]
          },
          "sensitive_attributes": []
        }
      ]
    },
    {
      "mode": "managed",
      "type": "aws_autoscaling_group_tag",
      "name": "awseb_e_jgrjparfpf_stack_AWSEBAutoScalingGroup_NCF5DZ76ITDN_tag_elasticbeanstalk_environment_name",
      "provider": "provider[\"registry.terraform.io/hashicorp/aws\"]",
      "instances": [
        {
          "schema_version": 0,
          "attributes": {
            "autoscaling_group_name": "awseb-e-jgrjparfpf-stack-AWSEBAutoScalingGroup-NCF5DZ76ITDN",
            "id": "awseb-e-jgrjparfpf-stack-AWSEBAutoScalingGroup-NCF5DZ76ITDN,elasticbeanstalk:environment-name",
            "tag": [
              {
                "key": "elasticbeanstalk:environment-name",
                "propagate_at_launch": true,
                "value": "dbt-clinician-web-green"
              }
            ]
          },
          "sensitive_attributes": []
        }
      ]
    },
    {
      "mode": "managed",
      "type": "aws_autoscaling_group_tag",
      "name": "awseb_e_jhagz8maay_stack_AWSEBAutoScalingGroup_1M93QZILI7GQN_tag_Name",
      "provider": "provider[\"registry.terraform.io/hashicorp/aws\"]",
      "instances": [
        {
          "schema_version": 0,
          "attributes": {
            "autoscaling_group_name": "awseb-e-jhagz8maay-stack-AWSEBAutoScalingGroup-1M93QZILI7GQN",
            "id": "awseb-e-jhagz8maay-stack-AWSEBAutoScalingGroup-1M93QZILI7GQN,Name",
            "tag": [
              {
                "key": "Name",
                "propagate_at_launch": true,
                "value": "market-service-green"
              }
            ]
          },
          "sensitive_attributes": []
        }
      ]
    },
    {
      "mode": "managed",
      "type": "aws_autoscaling_group_tag",
      "name": "awseb_e_jhagz8maay_stack_AWSEBAutoScalingGroup_1M93QZILI7GQN_tag_aws_cloudformation_logical_id",
      "provider": "provider[\"registry.terraform.io/hashicorp/aws\"]",
      "instances": [
        {
          "schema_version": 0,
          "attributes": {
            "autoscaling_group_name": "awseb-e-jhagz8maay-stack-AWSEBAutoScalingGroup-1M93QZILI7GQN",
            "id": "awseb-e-jhagz8maay-stack-AWSEBAutoScalingGroup-1M93QZILI7GQN,aws:cloudformation:logical-id",
            "tag": [
              {
                "key": "aws:cloudformation:logical-id",
                "propagate_at_launch": true,
                "value": "AWSEBAutoScalingGroup"
              }
            ]
          },
          "sensitive_attributes": []
        }
      ]
    },
    {
      "mode": "managed",
      "type": "aws_autoscaling_group_tag",
      "name": "awseb_e_jhagz8maay_stack_AWSEBAutoScalingGroup_1M93QZILI7GQN_tag_aws_cloudformation_stack_id",
      "provider": "provider[\"registry.terraform.io/hashicorp/aws\"]",
      "instances": [
        {
          "schema_version": 0,
          "attributes": {
            "autoscaling_group_name": "awseb-e-jhagz8maay-stack-AWSEBAutoScalingGroup-1M93QZILI7GQN",
            "id": "awseb-e-jhagz8maay-stack-AWSEBAutoScalingGroup-1M93QZILI7GQN,aws:cloudformation:stack-id",
            "tag": [
              {
                "key": "aws:cloudformation:stack-id",
                "propagate_at_launch": true,
                "value": "arn:aws-us-gov:cloudformation:us-gov-west-1:050779347855:stack/awseb-e-jhagz8maay-stack/d1a03680-cda1-11ed-8935-06938baa4238"
              }
            ]
          },
          "sensitive_attributes": []
        }
      ]
    },
    {
      "mode": "managed",
      "type": "aws_autoscaling_group_tag",
      "name": "awseb_e_jhagz8maay_stack_AWSEBAutoScalingGroup_1M93QZILI7GQN_tag_aws_cloudformation_stack_name",
      "provider": "provider[\"registry.terraform.io/hashicorp/aws\"]",
      "instances": [
        {
          "schema_version": 0,
          "attributes": {
            "autoscaling_group_name": "awseb-e-jhagz8maay-stack-AWSEBAutoScalingGroup-1M93QZILI7GQN",
            "id": "awseb-e-jhagz8maay-stack-AWSEBAutoScalingGroup-1M93QZILI7GQN,aws:cloudformation:stack-name",
            "tag": [
              {
                "key": "aws:cloudformation:stack-name",
                "propagate_at_launch": true,
                "value": "awseb-e-jhagz8maay-stack"
              }
            ]
          },
          "sensitive_attributes": []
        }
      ]
    },
    {
      "mode": "managed",
      "type": "aws_autoscaling_group_tag",
      "name": "awseb_e_jhagz8maay_stack_AWSEBAutoScalingGroup_1M93QZILI7GQN_tag_elasticbeanstalk_environment_id",
      "provider": "provider[\"registry.terraform.io/hashicorp/aws\"]",
      "instances": [
        {
          "schema_version": 0,
          "attributes": {
            "autoscaling_group_name": "awseb-e-jhagz8maay-stack-AWSEBAutoScalingGroup-1M93QZILI7GQN",
            "id": "awseb-e-jhagz8maay-stack-AWSEBAutoScalingGroup-1M93QZILI7GQN,elasticbeanstalk:environment-id",
            "tag": [
              {
                "key": "elasticbeanstalk:environment-id",
                "propagate_at_launch": true,
                "value": "e-jhagz8maay"
              }
            ]
          },
          "sensitive_attributes": []
        }
      ]
    },
    {
      "mode": "managed",
      "type": "aws_autoscaling_group_tag",
      "name": "awseb_e_jhagz8maay_stack_AWSEBAutoScalingGroup_1M93QZILI7GQN_tag_elasticbeanstalk_environment_name",
      "provider": "provider[\"registry.terraform.io/hashicorp/aws\"]",
      "instances": [
        {
          "schema_version": 0,
          "attributes": {
            "autoscaling_group_name": "awseb-e-jhagz8maay-stack-AWSEBAutoScalingGroup-1M93QZILI7GQN",
            "id": "awseb-e-jhagz8maay-stack-AWSEBAutoScalingGroup-1M93QZILI7GQN,elasticbeanstalk:environment-name",
            "tag": [
              {
                "key": "elasticbeanstalk:environment-name",
                "propagate_at_launch": true,
                "value": "market-service-green"
              }
            ]
          },
          "sensitive_attributes": []
        }
      ]
    },
    {
      "mode": "managed",
      "type": "aws_autoscaling_group_tag",
      "name": "awseb_e_p6bifdmp7h_stack_AWSEBAutoScalingGroup_1V4A0JOX0NVPA_tag_Name",
      "provider": "provider[\"registry.terraform.io/hashicorp/aws\"]",
      "instances": [
        {
          "schema_version": 0,
          "attributes": {
            "autoscaling_group_name": "awseb-e-p6bifdmp7h-stack-AWSEBAutoScalingGroup-1V4A0JOX0NVPA",
            "id": "awseb-e-p6bifdmp7h-stack-AWSEBAutoScalingGroup-1V4A0JOX0NVPA,Name",
            "tag": [
              {
                "key": "Name",
                "propagate_at_launch": true,
                "value": "capillary-web-ui-gateway-green"
              }
            ]
          },
          "sensitive_attributes": []
        }
      ]
    },
    {
      "mode": "managed",
      "type": "aws_autoscaling_group_tag",
      "name": "awseb_e_p6bifdmp7h_stack_AWSEBAutoScalingGroup_1V4A0JOX0NVPA_tag_aws_cloudformation_logical_id",
      "provider": "provider[\"registry.terraform.io/hashicorp/aws\"]",
      "instances": [
        {
          "schema_version": 0,
          "attributes": {
            "autoscaling_group_name": "awseb-e-p6bifdmp7h-stack-AWSEBAutoScalingGroup-1V4A0JOX0NVPA",
            "id": "awseb-e-p6bifdmp7h-stack-AWSEBAutoScalingGroup-1V4A0JOX0NVPA,aws:cloudformation:logical-id",
            "tag": [
              {
                "key": "aws:cloudformation:logical-id",
                "propagate_at_launch": true,
                "value": "AWSEBAutoScalingGroup"
              }
            ]
          },
          "sensitive_attributes": []
        }
      ]
    },
    {
      "mode": "managed",
      "type": "aws_autoscaling_group_tag",
      "name": "awseb_e_p6bifdmp7h_stack_AWSEBAutoScalingGroup_1V4A0JOX0NVPA_tag_aws_cloudformation_stack_id",
      "provider": "provider[\"registry.terraform.io/hashicorp/aws\"]",
      "instances": [
        {
          "schema_version": 0,
          "attributes": {
            "autoscaling_group_name": "awseb-e-p6bifdmp7h-stack-AWSEBAutoScalingGroup-1V4A0JOX0NVPA",
            "id": "awseb-e-p6bifdmp7h-stack-AWSEBAutoScalingGroup-1V4A0JOX0NVPA,aws:cloudformation:stack-id",
            "tag": [
              {
                "key": "aws:cloudformation:stack-id",
                "propagate_at_launch": true,
                "value": "arn:aws-us-gov:cloudformation:us-gov-west-1:050779347855:stack/awseb-e-p6bifdmp7h-stack/3f180880-de6b-11ed-b8f6-0668017e3ae6"
              }
            ]
          },
          "sensitive_attributes": []
        }
      ]
    },
    {
      "mode": "managed",
      "type": "aws_autoscaling_group_tag",
      "name": "awseb_e_p6bifdmp7h_stack_AWSEBAutoScalingGroup_1V4A0JOX0NVPA_tag_aws_cloudformation_stack_name",
      "provider": "provider[\"registry.terraform.io/hashicorp/aws\"]",
      "instances": [
        {
          "schema_version": 0,
          "attributes": {
            "autoscaling_group_name": "awseb-e-p6bifdmp7h-stack-AWSEBAutoScalingGroup-1V4A0JOX0NVPA",
            "id": "awseb-e-p6bifdmp7h-stack-AWSEBAutoScalingGroup-1V4A0JOX0NVPA,aws:cloudformation:stack-name",
            "tag": [
              {
                "key": "aws:cloudformation:stack-name",
                "propagate_at_launch": true,
                "value": "awseb-e-p6bifdmp7h-stack"
              }
            ]
          },
          "sensitive_attributes": []
        }
      ]
    },
    {
      "mode": "managed",
      "type": "aws_autoscaling_group_tag",
      "name": "awseb_e_p6bifdmp7h_stack_AWSEBAutoScalingGroup_1V4A0JOX0NVPA_tag_elasticbeanstalk_environment_id",
      "provider": "provider[\"registry.terraform.io/hashicorp/aws\"]",
      "instances": [
        {
          "schema_version": 0,
          "attributes": {
            "autoscaling_group_name": "awseb-e-p6bifdmp7h-stack-AWSEBAutoScalingGroup-1V4A0JOX0NVPA",
            "id": "awseb-e-p6bifdmp7h-stack-AWSEBAutoScalingGroup-1V4A0JOX0NVPA,elasticbeanstalk:environment-id",
            "tag": [
              {
                "key": "elasticbeanstalk:environment-id",
                "propagate_at_launch": true,
                "value": "e-p6bifdmp7h"
              }
            ]
          },
          "sensitive_attributes": []
        }
      ]
    },
    {
      "mode": "managed",
      "type": "aws_autoscaling_group_tag",
      "name": "awseb_e_p6bifdmp7h_stack_AWSEBAutoScalingGroup_1V4A0JOX0NVPA_tag_elasticbeanstalk_environment_name",
      "provider": "provider[\"registry.terraform.io/hashicorp/aws\"]",
      "instances": [
        {
          "schema_version": 0,
          "attributes": {
            "autoscaling_group_name": "awseb-e-p6bifdmp7h-stack-AWSEBAutoScalingGroup-1V4A0JOX0NVPA",
            "id": "awseb-e-p6bifdmp7h-stack-AWSEBAutoScalingGroup-1V4A0JOX0NVPA,elasticbeanstalk:environment-name",
            "tag": [
              {
                "key": "elasticbeanstalk:environment-name",
                "propagate_at_launch": true,
                "value": "capillary-web-ui-gateway-green"
              }
            ]
          },
          "sensitive_attributes": []
        }
      ]
    },
    {
      "mode": "managed",
      "type": "aws_autoscaling_group_tag",
      "name": "awseb_e_pcw37ypdme_stack_AWSEBAutoScalingGroup_165D32JDYUA6O_tag_Name",
      "provider": "provider[\"registry.terraform.io/hashicorp/aws\"]",
      "instances": [
        {
          "schema_version": 0,
          "attributes": {
            "autoscaling_group_name": "awseb-e-pcw37ypdme-stack-AWSEBAutoScalingGroup-165D32JDYUA6O",
            "id": "awseb-e-pcw37ypdme-stack-AWSEBAutoScalingGroup-165D32JDYUA6O,Name",
            "tag": [
              {
                "key": "Name",
                "propagate_at_launch": true,
                "value": "mobile-client-gateway-blue"
              }
            ]
          },
          "sensitive_attributes": []
        }
      ]
    },
    {
      "mode": "managed",
      "type": "aws_autoscaling_group_tag",
      "name": "awseb_e_pcw37ypdme_stack_AWSEBAutoScalingGroup_165D32JDYUA6O_tag_aws_cloudformation_logical_id",
      "provider": "provider[\"registry.terraform.io/hashicorp/aws\"]",
      "instances": [
        {
          "schema_version": 0,
          "attributes": {
            "autoscaling_group_name": "awseb-e-pcw37ypdme-stack-AWSEBAutoScalingGroup-165D32JDYUA6O",
            "id": "awseb-e-pcw37ypdme-stack-AWSEBAutoScalingGroup-165D32JDYUA6O,aws:cloudformation:logical-id",
            "tag": [
              {
                "key": "aws:cloudformation:logical-id",
                "propagate_at_launch": true,
                "value": "AWSEBAutoScalingGroup"
              }
            ]
          },
          "sensitive_attributes": []
        }
      ]
    },
    {
      "mode": "managed",
      "type": "aws_autoscaling_group_tag",
      "name": "awseb_e_pcw37ypdme_stack_AWSEBAutoScalingGroup_165D32JDYUA6O_tag_aws_cloudformation_stack_id",
      "provider": "provider[\"registry.terraform.io/hashicorp/aws\"]",
      "instances": [
        {
          "schema_version": 0,
          "attributes": {
            "autoscaling_group_name": "awseb-e-pcw37ypdme-stack-AWSEBAutoScalingGroup-165D32JDYUA6O",
            "id": "awseb-e-pcw37ypdme-stack-AWSEBAutoScalingGroup-165D32JDYUA6O,aws:cloudformation:stack-id",
            "tag": [
              {
                "key": "aws:cloudformation:stack-id",
                "propagate_at_launch": true,
                "value": "arn:aws-us-gov:cloudformation:us-gov-west-1:050779347855:stack/awseb-e-pcw37ypdme-stack/d4f8d370-c345-11ed-bba7-02cbd686710c"
              }
            ]
          },
          "sensitive_attributes": []
        }
      ]
    },
    {
      "mode": "managed",
      "type": "aws_autoscaling_group_tag",
      "name": "awseb_e_pcw37ypdme_stack_AWSEBAutoScalingGroup_165D32JDYUA6O_tag_aws_cloudformation_stack_name",
      "provider": "provider[\"registry.terraform.io/hashicorp/aws\"]",
      "instances": [
        {
          "schema_version": 0,
          "attributes": {
            "autoscaling_group_name": "awseb-e-pcw37ypdme-stack-AWSEBAutoScalingGroup-165D32JDYUA6O",
            "id": "awseb-e-pcw37ypdme-stack-AWSEBAutoScalingGroup-165D32JDYUA6O,aws:cloudformation:stack-name",
            "tag": [
              {
                "key": "aws:cloudformation:stack-name",
                "propagate_at_launch": true,
                "value": "awseb-e-pcw37ypdme-stack"
              }
            ]
          },
          "sensitive_attributes": []
        }
      ]
    },
    {
      "mode": "managed",
      "type": "aws_autoscaling_group_tag",
      "name": "awseb_e_pcw37ypdme_stack_AWSEBAutoScalingGroup_165D32JDYUA6O_tag_elasticbeanstalk_environment_id",
      "provider": "provider[\"registry.terraform.io/hashicorp/aws\"]",
      "instances": [
        {
          "schema_version": 0,
          "attributes": {
            "autoscaling_group_name": "awseb-e-pcw37ypdme-stack-AWSEBAutoScalingGroup-165D32JDYUA6O",
            "id": "awseb-e-pcw37ypdme-stack-AWSEBAutoScalingGroup-165D32JDYUA6O,elasticbeanstalk:environment-id",
            "tag": [
              {
                "key": "elasticbeanstalk:environment-id",
                "propagate_at_launch": true,
                "value": "e-pcw37ypdme"
              }
            ]
          },
          "sensitive_attributes": []
        }
      ]
    },
    {
      "mode": "managed",
      "type": "aws_autoscaling_group_tag",
      "name": "awseb_e_pcw37ypdme_stack_AWSEBAutoScalingGroup_165D32JDYUA6O_tag_elasticbeanstalk_environment_name",
      "provider": "provider[\"registry.terraform.io/hashicorp/aws\"]",
      "instances": [
        {
          "schema_version": 0,
          "attributes": {
            "autoscaling_group_name": "awseb-e-pcw37ypdme-stack-AWSEBAutoScalingGroup-165D32JDYUA6O",
            "id": "awseb-e-pcw37ypdme-stack-AWSEBAutoScalingGroup-165D32JDYUA6O,elasticbeanstalk:environment-name",
            "tag": [
              {
                "key": "elasticbeanstalk:environment-name",
                "propagate_at_launch": true,
                "value": "mobile-client-gateway-blue"
              }
            ]
          },
          "sensitive_attributes": []
        }
      ]
    },
    {
      "mode": "managed",
      "type": "aws_autoscaling_group_tag",
      "name": "awseb_e_rwv222b3qp_stack_AWSEBAutoScalingGroup_1MLNCOGIT8AIV_tag_Name",
      "provider": "provider[\"registry.terraform.io/hashicorp/aws\"]",
      "instances": [
        {
          "schema_version": 0,
          "attributes": {
            "autoscaling_group_name": "awseb-e-rwv222b3qp-stack-AWSEBAutoScalingGroup-1MLNCOGIT8AIV",
            "id": "awseb-e-rwv222b3qp-stack-AWSEBAutoScalingGroup-1MLNCOGIT8AIV,Name",
            "tag": [
              {
                "key": "Name",
                "propagate_at_launch": true,
                "value": "learner-web-ui-gateway-green"
              }
            ]
          },
          "sensitive_attributes": []
        }
      ]
    },
    {
      "mode": "managed",
      "type": "aws_autoscaling_group_tag",
      "name": "awseb_e_rwv222b3qp_stack_AWSEBAutoScalingGroup_1MLNCOGIT8AIV_tag_aws_cloudformation_logical_id",
      "provider": "provider[\"registry.terraform.io/hashicorp/aws\"]",
      "instances": [
        {
          "schema_version": 0,
          "attributes": {
            "autoscaling_group_name": "awseb-e-rwv222b3qp-stack-AWSEBAutoScalingGroup-1MLNCOGIT8AIV",
            "id": "awseb-e-rwv222b3qp-stack-AWSEBAutoScalingGroup-1MLNCOGIT8AIV,aws:cloudformation:logical-id",
            "tag": [
              {
                "key": "aws:cloudformation:logical-id",
                "propagate_at_launch": true,
                "value": "AWSEBAutoScalingGroup"
              }
            ]
          },
          "sensitive_attributes": []
        }
      ]
    },
    {
      "mode": "managed",
      "type": "aws_autoscaling_group_tag",
      "name": "awseb_e_rwv222b3qp_stack_AWSEBAutoScalingGroup_1MLNCOGIT8AIV_tag_aws_cloudformation_stack_id",
      "provider": "provider[\"registry.terraform.io/hashicorp/aws\"]",
      "instances": [
        {
          "schema_version": 0,
          "attributes": {
            "autoscaling_group_name": "awseb-e-rwv222b3qp-stack-AWSEBAutoScalingGroup-1MLNCOGIT8AIV",
            "id": "awseb-e-rwv222b3qp-stack-AWSEBAutoScalingGroup-1MLNCOGIT8AIV,aws:cloudformation:stack-id",
            "tag": [
              {
                "key": "aws:cloudformation:stack-id",
                "propagate_at_launch": true,
                "value": "arn:aws-us-gov:cloudformation:us-gov-west-1:050779347855:stack/awseb-e-rwv222b3qp-stack/8ac75ef0-7fea-11ed-829e-025d4eaecce2"
              }
            ]
          },
          "sensitive_attributes": []
        }
      ]
    },
    {
      "mode": "managed",
      "type": "aws_autoscaling_group_tag",
      "name": "awseb_e_rwv222b3qp_stack_AWSEBAutoScalingGroup_1MLNCOGIT8AIV_tag_aws_cloudformation_stack_name",
      "provider": "provider[\"registry.terraform.io/hashicorp/aws\"]",
      "instances": [
        {
          "schema_version": 0,
          "attributes": {
            "autoscaling_group_name": "awseb-e-rwv222b3qp-stack-AWSEBAutoScalingGroup-1MLNCOGIT8AIV",
            "id": "awseb-e-rwv222b3qp-stack-AWSEBAutoScalingGroup-1MLNCOGIT8AIV,aws:cloudformation:stack-name",
            "tag": [
              {
                "key": "aws:cloudformation:stack-name",
                "propagate_at_launch": true,
                "value": "awseb-e-rwv222b3qp-stack"
              }
            ]
          },
          "sensitive_attributes": []
        }
      ]
    },
    {
      "mode": "managed",
      "type": "aws_autoscaling_group_tag",
      "name": "awseb_e_rwv222b3qp_stack_AWSEBAutoScalingGroup_1MLNCOGIT8AIV_tag_elasticbeanstalk_environment_id",
      "provider": "provider[\"registry.terraform.io/hashicorp/aws\"]",
      "instances": [
        {
          "schema_version": 0,
          "attributes": {
            "autoscaling_group_name": "awseb-e-rwv222b3qp-stack-AWSEBAutoScalingGroup-1MLNCOGIT8AIV",
            "id": "awseb-e-rwv222b3qp-stack-AWSEBAutoScalingGroup-1MLNCOGIT8AIV,elasticbeanstalk:environment-id",
            "tag": [
              {
                "key": "elasticbeanstalk:environment-id",
                "propagate_at_launch": true,
                "value": "e-rwv222b3qp"
              }
            ]
          },
          "sensitive_attributes": []
        }
      ]
    },
    {
      "mode": "managed",
      "type": "aws_autoscaling_group_tag",
      "name": "awseb_e_rwv222b3qp_stack_AWSEBAutoScalingGroup_1MLNCOGIT8AIV_tag_elasticbeanstalk_environment_name",
      "provider": "provider[\"registry.terraform.io/hashicorp/aws\"]",
      "instances": [
        {
          "schema_version": 0,
          "attributes": {
            "autoscaling_group_name": "awseb-e-rwv222b3qp-stack-AWSEBAutoScalingGroup-1MLNCOGIT8AIV",
            "id": "awseb-e-rwv222b3qp-stack-AWSEBAutoScalingGroup-1MLNCOGIT8AIV,elasticbeanstalk:environment-name",
            "tag": [
              {
                "key": "elasticbeanstalk:environment-name",
                "propagate_at_launch": true,
                "value": "learner-web-ui-gateway-green"
              }
            ]
          },
          "sensitive_attributes": []
        }
      ]
    },
    {
      "mode": "managed",
      "type": "aws_autoscaling_group_tag",
      "name": "awseb_e_tx62adwg2k_stack_AWSEBAutoScalingGroup_WZUPJM6LCB0K_tag_Name",
      "provider": "provider[\"registry.terraform.io/hashicorp/aws\"]",
      "instances": [
        {
          "schema_version": 0,
          "attributes": {
            "autoscaling_group_name": "awseb-e-tx62adwg2k-stack-AWSEBAutoScalingGroup-WZUPJM6LCB0K",
            "id": "awseb-e-tx62adwg2k-stack-AWSEBAutoScalingGroup-WZUPJM6LCB0K,Name",
            "tag": [
              {
                "key": "Name",
                "propagate_at_launch": true,
                "value": "identity-service-green"
              }
            ]
          },
          "sensitive_attributes": []
        }
      ]
    },
    {
      "mode": "managed",
      "type": "aws_autoscaling_group_tag",
      "name": "awseb_e_tx62adwg2k_stack_AWSEBAutoScalingGroup_WZUPJM6LCB0K_tag_aws_cloudformation_logical_id",
      "provider": "provider[\"registry.terraform.io/hashicorp/aws\"]",
      "instances": [
        {
          "schema_version": 0,
          "attributes": {
            "autoscaling_group_name": "awseb-e-tx62adwg2k-stack-AWSEBAutoScalingGroup-WZUPJM6LCB0K",
            "id": "awseb-e-tx62adwg2k-stack-AWSEBAutoScalingGroup-WZUPJM6LCB0K,aws:cloudformation:logical-id",
            "tag": [
              {
                "key": "aws:cloudformation:logical-id",
                "propagate_at_launch": true,
                "value": "AWSEBAutoScalingGroup"
              }
            ]
          },
          "sensitive_attributes": []
        }
      ]
    },
    {
      "mode": "managed",
      "type": "aws_autoscaling_group_tag",
      "name": "awseb_e_tx62adwg2k_stack_AWSEBAutoScalingGroup_WZUPJM6LCB0K_tag_aws_cloudformation_stack_id",
      "provider": "provider[\"registry.terraform.io/hashicorp/aws\"]",
      "instances": [
        {
          "schema_version": 0,
          "attributes": {
            "autoscaling_group_name": "awseb-e-tx62adwg2k-stack-AWSEBAutoScalingGroup-WZUPJM6LCB0K",
            "id": "awseb-e-tx62adwg2k-stack-AWSEBAutoScalingGroup-WZUPJM6LCB0K,aws:cloudformation:stack-id",
            "tag": [
              {
                "key": "aws:cloudformation:stack-id",
                "propagate_at_launch": true,
                "value": "arn:aws-us-gov:cloudformation:us-gov-west-1:050779347855:stack/awseb-e-tx62adwg2k-stack/72ad22f0-de2c-11ed-8b14-02612278158e"
              }
            ]
          },
          "sensitive_attributes": []
        }
      ]
    },
    {
      "mode": "managed",
      "type": "aws_autoscaling_group_tag",
      "name": "awseb_e_tx62adwg2k_stack_AWSEBAutoScalingGroup_WZUPJM6LCB0K_tag_aws_cloudformation_stack_name",
      "provider": "provider[\"registry.terraform.io/hashicorp/aws\"]",
      "instances": [
        {
          "schema_version": 0,
          "attributes": {
            "autoscaling_group_name": "awseb-e-tx62adwg2k-stack-AWSEBAutoScalingGroup-WZUPJM6LCB0K",
            "id": "awseb-e-tx62adwg2k-stack-AWSEBAutoScalingGroup-WZUPJM6LCB0K,aws:cloudformation:stack-name",
            "tag": [
              {
                "key": "aws:cloudformation:stack-name",
                "propagate_at_launch": true,
                "value": "awseb-e-tx62adwg2k-stack"
              }
            ]
          },
          "sensitive_attributes": []
        }
      ]
    },
    {
      "mode": "managed",
      "type": "aws_autoscaling_group_tag",
      "name": "awseb_e_tx62adwg2k_stack_AWSEBAutoScalingGroup_WZUPJM6LCB0K_tag_elasticbeanstalk_environment_id",
      "provider": "provider[\"registry.terraform.io/hashicorp/aws\"]",
      "instances": [
        {
          "schema_version": 0,
          "attributes": {
            "autoscaling_group_name": "awseb-e-tx62adwg2k-stack-AWSEBAutoScalingGroup-WZUPJM6LCB0K",
            "id": "awseb-e-tx62adwg2k-stack-AWSEBAutoScalingGroup-WZUPJM6LCB0K,elasticbeanstalk:environment-id",
            "tag": [
              {
                "key": "elasticbeanstalk:environment-id",
                "propagate_at_launch": true,
                "value": "e-tx62adwg2k"
              }
            ]
          },
          "sensitive_attributes": []
        }
      ]
    },
    {
      "mode": "managed",
      "type": "aws_autoscaling_group_tag",
      "name": "awseb_e_tx62adwg2k_stack_AWSEBAutoScalingGroup_WZUPJM6LCB0K_tag_elasticbeanstalk_environment_name",
      "provider": "provider[\"registry.terraform.io/hashicorp/aws\"]",
      "instances": [
        {
          "schema_version": 0,
          "attributes": {
            "autoscaling_group_name": "awseb-e-tx62adwg2k-stack-AWSEBAutoScalingGroup-WZUPJM6LCB0K",
            "id": "awseb-e-tx62adwg2k-stack-AWSEBAutoScalingGroup-WZUPJM6LCB0K,elasticbeanstalk:environment-name",
            "tag": [
              {
                "key": "elasticbeanstalk:environment-name",
                "propagate_at_launch": true,
                "value": "identity-service-green"
              }
            ]
          },
          "sensitive_attributes": []
        }
      ]
    },
    {
      "mode": "managed",
      "type": "aws_autoscaling_group_tag",
      "name": "awseb_e_xmec4epg3c_stack_AWSEBAutoScalingGroup_UQ4ARCTDJ5PP_tag_Name",
      "provider": "provider[\"registry.terraform.io/hashicorp/aws\"]",
      "instances": [
        {
          "schema_version": 0,
          "attributes": {
            "autoscaling_group_name": "awseb-e-xmec4epg3c-stack-AWSEBAutoScalingGroup-UQ4ARCTDJ5PP",
            "id": "awseb-e-xmec4epg3c-stack-AWSEBAutoScalingGroup-UQ4ARCTDJ5PP,Name",
            "tag": [
              {
                "key": "Name",
                "propagate_at_launch": true,
                "value": "book-service-green"
              }
            ]
          },
          "sensitive_attributes": []
        }
      ]
    },
    {
      "mode": "managed",
      "type": "aws_autoscaling_group_tag",
      "name": "awseb_e_xmec4epg3c_stack_AWSEBAutoScalingGroup_UQ4ARCTDJ5PP_tag_aws_cloudformation_logical_id",
      "provider": "provider[\"registry.terraform.io/hashicorp/aws\"]",
      "instances": [
        {
          "schema_version": 0,
          "attributes": {
            "autoscaling_group_name": "awseb-e-xmec4epg3c-stack-AWSEBAutoScalingGroup-UQ4ARCTDJ5PP",
            "id": "awseb-e-xmec4epg3c-stack-AWSEBAutoScalingGroup-UQ4ARCTDJ5PP,aws:cloudformation:logical-id",
            "tag": [
              {
                "key": "aws:cloudformation:logical-id",
                "propagate_at_launch": true,
                "value": "AWSEBAutoScalingGroup"
              }
            ]
          },
          "sensitive_attributes": []
        }
      ]
    },
    {
      "mode": "managed",
      "type": "aws_autoscaling_group_tag",
      "name": "awseb_e_xmec4epg3c_stack_AWSEBAutoScalingGroup_UQ4ARCTDJ5PP_tag_aws_cloudformation_stack_id",
      "provider": "provider[\"registry.terraform.io/hashicorp/aws\"]",
      "instances": [
        {
          "schema_version": 0,
          "attributes": {
            "autoscaling_group_name": "awseb-e-xmec4epg3c-stack-AWSEBAutoScalingGroup-UQ4ARCTDJ5PP",
            "id": "awseb-e-xmec4epg3c-stack-AWSEBAutoScalingGroup-UQ4ARCTDJ5PP,aws:cloudformation:stack-id",
            "tag": [
              {
                "key": "aws:cloudformation:stack-id",
                "propagate_at_launch": true,
                "value": "arn:aws-us-gov:cloudformation:us-gov-west-1:050779347855:stack/awseb-e-xmec4epg3c-stack/db5db102-386b-11ed-a507-0a18bf1f5516"
              }
            ]
          },
          "sensitive_attributes": []
        }
      ]
    },
    {
      "mode": "managed",
      "type": "aws_autoscaling_group_tag",
      "name": "awseb_e_xmec4epg3c_stack_AWSEBAutoScalingGroup_UQ4ARCTDJ5PP_tag_aws_cloudformation_stack_name",
      "provider": "provider[\"registry.terraform.io/hashicorp/aws\"]",
      "instances": [
        {
          "schema_version": 0,
          "attributes": {
            "autoscaling_group_name": "awseb-e-xmec4epg3c-stack-AWSEBAutoScalingGroup-UQ4ARCTDJ5PP",
            "id": "awseb-e-xmec4epg3c-stack-AWSEBAutoScalingGroup-UQ4ARCTDJ5PP,aws:cloudformation:stack-name",
            "tag": [
              {
                "key": "aws:cloudformation:stack-name",
                "propagate_at_launch": true,
                "value": "awseb-e-xmec4epg3c-stack"
              }
            ]
          },
          "sensitive_attributes": []
        }
      ]
    },
    {
      "mode": "managed",
      "type": "aws_autoscaling_group_tag",
      "name": "awseb_e_xmec4epg3c_stack_AWSEBAutoScalingGroup_UQ4ARCTDJ5PP_tag_elasticbeanstalk_environment_id",
      "provider": "provider[\"registry.terraform.io/hashicorp/aws\"]",
      "instances": [
        {
          "schema_version": 0,
          "attributes": {
            "autoscaling_group_name": "awseb-e-xmec4epg3c-stack-AWSEBAutoScalingGroup-UQ4ARCTDJ5PP",
            "id": "awseb-e-xmec4epg3c-stack-AWSEBAutoScalingGroup-UQ4ARCTDJ5PP,elasticbeanstalk:environment-id",
            "tag": [
              {
                "key": "elasticbeanstalk:environment-id",
                "propagate_at_launch": true,
                "value": "e-xmec4epg3c"
              }
            ]
          },
          "sensitive_attributes": []
        }
      ]
    },
    {
      "mode": "managed",
      "type": "aws_autoscaling_group_tag",
      "name": "awseb_e_xmec4epg3c_stack_AWSEBAutoScalingGroup_UQ4ARCTDJ5PP_tag_elasticbeanstalk_environment_name",
      "provider": "provider[\"registry.terraform.io/hashicorp/aws\"]",
      "instances": [
        {
          "schema_version": 0,
          "attributes": {
            "autoscaling_group_name": "awseb-e-xmec4epg3c-stack-AWSEBAutoScalingGroup-UQ4ARCTDJ5PP",
            "id": "awseb-e-xmec4epg3c-stack-AWSEBAutoScalingGroup-UQ4ARCTDJ5PP,elasticbeanstalk:environment-name",
            "tag": [
              {
                "key": "elasticbeanstalk:environment-name",
                "propagate_at_launch": true,
                "value": "book-service-green"
              }
            ]
          },
          "sensitive_attributes": []
        }
      ]
    },
    {
      "mode": "managed",
      "type": "aws_autoscaling_group_tag",
      "name": "awseb_e_yd9s5vvfgp_stack_AWSEBAutoScalingGroup_NT4M6B5ZTDEQ_tag_Name",
      "provider": "provider[\"registry.terraform.io/hashicorp/aws\"]",
      "instances": [
        {
          "schema_version": 0,
          "attributes": {
            "autoscaling_group_name": "awseb-e-yd9s5vvfgp-stack-AWSEBAutoScalingGroup-NT4M6B5ZTDEQ",
            "id": "awseb-e-yd9s5vvfgp-stack-AWSEBAutoScalingGroup-NT4M6B5ZTDEQ,Name",
            "tag": [
              {
                "key": "Name",
                "propagate_at_launch": true,
                "value": "internal-services-gateway-green"
              }
            ]
          },
          "sensitive_attributes": []
        }
      ]
    },
    {
      "mode": "managed",
      "type": "aws_autoscaling_group_tag",
      "name": "awseb_e_yd9s5vvfgp_stack_AWSEBAutoScalingGroup_NT4M6B5ZTDEQ_tag_aws_cloudformation_logical_id",
      "provider": "provider[\"registry.terraform.io/hashicorp/aws\"]",
      "instances": [
        {
          "schema_version": 0,
          "attributes": {
            "autoscaling_group_name": "awseb-e-yd9s5vvfgp-stack-AWSEBAutoScalingGroup-NT4M6B5ZTDEQ",
            "id": "awseb-e-yd9s5vvfgp-stack-AWSEBAutoScalingGroup-NT4M6B5ZTDEQ,aws:cloudformation:logical-id",
            "tag": [
              {
                "key": "aws:cloudformation:logical-id",
                "propagate_at_launch": true,
                "value": "AWSEBAutoScalingGroup"
              }
            ]
          },
          "sensitive_attributes": []
        }
      ]
    },
    {
      "mode": "managed",
      "type": "aws_autoscaling_group_tag",
      "name": "awseb_e_yd9s5vvfgp_stack_AWSEBAutoScalingGroup_NT4M6B5ZTDEQ_tag_aws_cloudformation_stack_id",
      "provider": "provider[\"registry.terraform.io/hashicorp/aws\"]",
      "instances": [
        {
          "schema_version": 0,
          "attributes": {
            "autoscaling_group_name": "awseb-e-yd9s5vvfgp-stack-AWSEBAutoScalingGroup-NT4M6B5ZTDEQ",
            "id": "awseb-e-yd9s5vvfgp-stack-AWSEBAutoScalingGroup-NT4M6B5ZTDEQ,aws:cloudformation:stack-id",
            "tag": [
              {
                "key": "aws:cloudformation:stack-id",
                "propagate_at_launch": true,
                "value": "arn:aws-us-gov:cloudformation:us-gov-west-1:050779347855:stack/awseb-e-yd9s5vvfgp-stack/1e4152c0-ef37-11ec-a650-0609d503b30c"
              }
            ]
          },
          "sensitive_attributes": []
        }
      ]
    },
    {
      "mode": "managed",
      "type": "aws_autoscaling_group_tag",
      "name": "awseb_e_yd9s5vvfgp_stack_AWSEBAutoScalingGroup_NT4M6B5ZTDEQ_tag_aws_cloudformation_stack_name",
      "provider": "provider[\"registry.terraform.io/hashicorp/aws\"]",
      "instances": [
        {
          "schema_version": 0,
          "attributes": {
            "autoscaling_group_name": "awseb-e-yd9s5vvfgp-stack-AWSEBAutoScalingGroup-NT4M6B5ZTDEQ",
            "id": "awseb-e-yd9s5vvfgp-stack-AWSEBAutoScalingGroup-NT4M6B5ZTDEQ,aws:cloudformation:stack-name",
            "tag": [
              {
                "key": "aws:cloudformation:stack-name",
                "propagate_at_launch": true,
                "value": "awseb-e-yd9s5vvfgp-stack"
              }
            ]
          },
          "sensitive_attributes": []
        }
      ]
    },
    {
      "mode": "managed",
      "type": "aws_autoscaling_group_tag",
      "name": "awseb_e_yd9s5vvfgp_stack_AWSEBAutoScalingGroup_NT4M6B5ZTDEQ_tag_elasticbeanstalk_environment_id",
      "provider": "provider[\"registry.terraform.io/hashicorp/aws\"]",
      "instances": [
        {
          "schema_version": 0,
          "attributes": {
            "autoscaling_group_name": "awseb-e-yd9s5vvfgp-stack-AWSEBAutoScalingGroup-NT4M6B5ZTDEQ",
            "id": "awseb-e-yd9s5vvfgp-stack-AWSEBAutoScalingGroup-NT4M6B5ZTDEQ,elasticbeanstalk:environment-id",
            "tag": [
              {
                "key": "elasticbeanstalk:environment-id",
                "propagate_at_launch": true,
                "value": "e-yd9s5vvfgp"
              }
            ]
          },
          "sensitive_attributes": []
        }
      ]
    },
    {
      "mode": "managed",
      "type": "aws_autoscaling_group_tag",
      "name": "awseb_e_yd9s5vvfgp_stack_AWSEBAutoScalingGroup_NT4M6B5ZTDEQ_tag_elasticbeanstalk_environment_name",
      "provider": "provider[\"registry.terraform.io/hashicorp/aws\"]",
      "instances": [
        {
          "schema_version": 0,
          "attributes": {
            "autoscaling_group_name": "awseb-e-yd9s5vvfgp-stack-AWSEBAutoScalingGroup-NT4M6B5ZTDEQ",
            "id": "awseb-e-yd9s5vvfgp-stack-AWSEBAutoScalingGroup-NT4M6B5ZTDEQ,elasticbeanstalk:environment-name",
            "tag": [
              {
                "key": "elasticbeanstalk:environment-name",
                "propagate_at_launch": true,
                "value": "internal-services-gateway-green"
              }
            ]
          },
          "sensitive_attributes": []
        }
      ]
    },
    {
      "mode": "managed",
      "type": "aws_autoscaling_group_tag",
      "name": "ecs_production_gov_v02_instance_asg_capacity_tag_LaunchConfiguration",
      "provider": "provider[\"registry.terraform.io/hashicorp/aws\"]",
      "instances": [
        {
          "schema_version": 0,
          "attributes": {
            "autoscaling_group_name": "ecs-production-gov-v02-instance-asg-capacity",
            "id": "ecs-production-gov-v02-instance-asg-capacity,LaunchConfiguration",
            "tag": [
              {
                "key": "LaunchConfiguration",
                "propagate_at_launch": true,
                "value": "ecs-production-gov-v02-LaunchConfigurationCapacity-IEGO64TA1MZ"
              }
            ]
          },
          "sensitive_attributes": []
        }
      ]
    },
    {
      "mode": "managed",
      "type": "aws_autoscaling_group_tag",
      "name": "ecs_production_gov_v02_instance_asg_capacity_tag_Name",
      "provider": "provider[\"registry.terraform.io/hashicorp/aws\"]",
      "instances": [
        {
          "schema_version": 0,
          "attributes": {
            "autoscaling_group_name": "ecs-production-gov-v02-instance-asg-capacity",
            "id": "ecs-production-gov-v02-instance-asg-capacity,Name",
            "tag": [
              {
                "key": "Name",
                "propagate_at_launch": true,
                "value": "ecs-production-gov-v02-container-instance"
              }
            ]
          },
          "sensitive_attributes": []
        }
      ]
    },
    {
      "mode": "managed",
      "type": "aws_autoscaling_group_tag",
      "name": "ecs_production_gov_v02_instance_asg_capacity_tag_aws_cloudformation_logical_id",
      "provider": "provider[\"registry.terraform.io/hashicorp/aws\"]",
      "instances": [
        {
          "schema_version": 0,
          "attributes": {
            "autoscaling_group_name": "ecs-production-gov-v02-instance-asg-capacity",
            "id": "ecs-production-gov-v02-instance-asg-capacity,aws:cloudformation:logical-id",
            "tag": [
              {
                "key": "aws:cloudformation:logical-id",
                "propagate_at_launch": true,
                "value": "AutoScalingGroupCapacity"
              }
            ]
          },
          "sensitive_attributes": []
        }
      ]
    },
    {
      "mode": "managed",
      "type": "aws_autoscaling_group_tag",
      "name": "ecs_production_gov_v02_instance_asg_capacity_tag_aws_cloudformation_stack_id",
      "provider": "provider[\"registry.terraform.io/hashicorp/aws\"]",
      "instances": [
        {
          "schema_version": 0,
          "attributes": {
            "autoscaling_group_name": "ecs-production-gov-v02-instance-asg-capacity",
            "id": "ecs-production-gov-v02-instance-asg-capacity,aws:cloudformation:stack-id",
            "tag": [
              {
                "key": "aws:cloudformation:stack-id",
                "propagate_at_launch": true,
                "value": "arn:aws-us-gov:cloudformation:us-gov-west-1:050779347855:stack/ecs-production-gov-v02/80ef7400-a324-11ed-8a25-061a838133f2"
              }
            ]
          },
          "sensitive_attributes": []
        }
      ]
    },
    {
      "mode": "managed",
      "type": "aws_autoscaling_group_tag",
      "name": "ecs_production_gov_v02_instance_asg_capacity_tag_aws_cloudformation_stack_name",
      "provider": "provider[\"registry.terraform.io/hashicorp/aws\"]",
      "instances": [
        {
          "schema_version": 0,
          "attributes": {
            "autoscaling_group_name": "ecs-production-gov-v02-instance-asg-capacity",
            "id": "ecs-production-gov-v02-instance-asg-capacity,aws:cloudformation:stack-name",
            "tag": [
              {
                "key": "aws:cloudformation:stack-name",
                "propagate_at_launch": true,
                "value": "ecs-production-gov-v02"
              }
            ]
          },
          "sensitive_attributes": []
        }
      ]
    },
    {
      "mode": "managed",
      "type": "aws_autoscaling_group_tag",
      "name": "ecs_production_gov_v02_instance_asg_one_per_az_tag_LaunchConfiguration",
      "provider": "provider[\"registry.terraform.io/hashicorp/aws\"]",
      "instances": [
        {
          "schema_version": 0,
          "attributes": {
            "autoscaling_group_name": "ecs-production-gov-v02-instance-asg-one-per-az",
            "id": "ecs-production-gov-v02-instance-asg-one-per-az,LaunchConfiguration",
            "tag": [
              {
                "key": "LaunchConfiguration",
                "propagate_at_launch": true,
                "value": "ecs-production-gov-v02-LaunchConfigurationExactlyOnePerAZ-1XQRH2DSGN1SH"
              }
            ]
          },
          "sensitive_attributes": []
        }
      ]
    },
    {
      "mode": "managed",
      "type": "aws_autoscaling_group_tag",
      "name": "ecs_production_gov_v02_instance_asg_one_per_az_tag_Name",
      "provider": "provider[\"registry.terraform.io/hashicorp/aws\"]",
      "instances": [
        {
          "schema_version": 0,
          "attributes": {
            "autoscaling_group_name": "ecs-production-gov-v02-instance-asg-one-per-az",
            "id": "ecs-production-gov-v02-instance-asg-one-per-az,Name",
            "tag": [
              {
                "key": "Name",
                "propagate_at_launch": true,
                "value": "ecs-production-gov-v02-container-instance"
              }
            ]
          },
          "sensitive_attributes": []
        }
      ]
    },
    {
      "mode": "managed",
      "type": "aws_autoscaling_group_tag",
      "name": "ecs_production_gov_v02_instance_asg_one_per_az_tag_aws_cloudformation_logical_id",
      "provider": "provider[\"registry.terraform.io/hashicorp/aws\"]",
      "instances": [
        {
          "schema_version": 0,
          "attributes": {
            "autoscaling_group_name": "ecs-production-gov-v02-instance-asg-one-per-az",
            "id": "ecs-production-gov-v02-instance-asg-one-per-az,aws:cloudformation:logical-id",
            "tag": [
              {
                "key": "aws:cloudformation:logical-id",
                "propagate_at_launch": true,
                "value": "AutoScalingGroupExactlyOnePerAZ"
              }
            ]
          },
          "sensitive_attributes": []
        }
      ]
    },
    {
      "mode": "managed",
      "type": "aws_autoscaling_group_tag",
      "name": "ecs_production_gov_v02_instance_asg_one_per_az_tag_aws_cloudformation_stack_id",
      "provider": "provider[\"registry.terraform.io/hashicorp/aws\"]",
      "instances": [
        {
          "schema_version": 0,
          "attributes": {
            "autoscaling_group_name": "ecs-production-gov-v02-instance-asg-one-per-az",
            "id": "ecs-production-gov-v02-instance-asg-one-per-az,aws:cloudformation:stack-id",
            "tag": [
              {
                "key": "aws:cloudformation:stack-id",
                "propagate_at_launch": true,
                "value": "arn:aws-us-gov:cloudformation:us-gov-west-1:050779347855:stack/ecs-production-gov-v02/80ef7400-a324-11ed-8a25-061a838133f2"
              }
            ]
          },
          "sensitive_attributes": []
        }
      ]
    },
    {
      "mode": "managed",
      "type": "aws_autoscaling_group_tag",
      "name": "ecs_production_gov_v02_instance_asg_one_per_az_tag_aws_cloudformation_stack_name",
      "provider": "provider[\"registry.terraform.io/hashicorp/aws\"]",
      "instances": [
        {
          "schema_version": 0,
          "attributes": {
            "autoscaling_group_name": "ecs-production-gov-v02-instance-asg-one-per-az",
            "id": "ecs-production-gov-v02-instance-asg-one-per-az,aws:cloudformation:stack-name",
            "tag": [
              {
                "key": "aws:cloudformation:stack-name",
                "propagate_at_launch": true,
                "value": "ecs-production-gov-v02"
              }
            ]
          },
          "sensitive_attributes": []
        }
      ]
    },
    {
      "mode": "managed",
      "type": "aws_autoscaling_notification",
      "name": "awseb_e_32xzmdus8p_stack_AWSEBAutoScalingGroup_DG4CSGRX6MCC_notification_awseb_healthd_asg_notifications",
      "provider": "provider[\"registry.terraform.io/hashicorp/aws\"]",
      "instances": [
        {
          "schema_version": 0,
          "attributes": {
            "group_names": [
              "awseb-e-32xzmdus8p-stack-AWSEBAutoScalingGroup-DG4CSGRX6MCC"
            ],
            "id": "awseb-e-32xzmdus8p-stack-AWSEBAutoScalingGroup-DG4CSGRX6MCC-notification-awseb-healthd-asg-notifications",
            "notifications": [
              "autoscaling:EC2_INSTANCE_LAUNCH",
              "autoscaling:EC2_INSTANCE_LAUNCH_ERROR",
              "autoscaling:EC2_INSTANCE_TERMINATE",
              "autoscaling:EC2_INSTANCE_TERMINATE_ERROR"
            ],
            "topic_arn": "arn:aws-us-gov:sns:us-gov-west-1:143707052809:awseb-healthd-asg-notifications"
          },
          "sensitive_attributes": []
        }
      ]
    },
    {
      "mode": "managed",
      "type": "aws_autoscaling_notification",
      "name": "awseb_e_3evreti3za_stack_AWSEBAutoScalingGroup_1B0EJVZQ6UQV9_notification_awseb_healthd_asg_notifications",
      "provider": "provider[\"registry.terraform.io/hashicorp/aws\"]",
      "instances": [
        {
          "schema_version": 0,
          "attributes": {
            "group_names": [
              "awseb-e-3evreti3za-stack-AWSEBAutoScalingGroup-1B0EJVZQ6UQV9"
            ],
            "id": "awseb-e-3evreti3za-stack-AWSEBAutoScalingGroup-1B0EJVZQ6UQV9-notification-awseb-healthd-asg-notifications",
            "notifications": [
              "autoscaling:EC2_INSTANCE_LAUNCH",
              "autoscaling:EC2_INSTANCE_LAUNCH_ERROR",
              "autoscaling:EC2_INSTANCE_TERMINATE",
              "autoscaling:EC2_INSTANCE_TERMINATE_ERROR"
            ],
            "topic_arn": "arn:aws-us-gov:sns:us-gov-west-1:143707052809:awseb-healthd-asg-notifications"
          },
          "sensitive_attributes": []
        }
      ]
    },
    {
      "mode": "managed",
      "type": "aws_autoscaling_notification",
      "name": "awseb_e_59p3bpnwec_stack_AWSEBAutoScalingGroup_1ON4K0NW5K7WO_notification_awseb_healthd_asg_notifications",
      "provider": "provider[\"registry.terraform.io/hashicorp/aws\"]",
      "instances": [
        {
          "schema_version": 0,
          "attributes": {
            "group_names": [
              "awseb-e-59p3bpnwec-stack-AWSEBAutoScalingGroup-1ON4K0NW5K7WO"
            ],
            "id": "awseb-e-59p3bpnwec-stack-AWSEBAutoScalingGroup-1ON4K0NW5K7WO-notification-awseb-healthd-asg-notifications",
            "notifications": [
              "autoscaling:EC2_INSTANCE_LAUNCH",
              "autoscaling:EC2_INSTANCE_LAUNCH_ERROR",
              "autoscaling:EC2_INSTANCE_TERMINATE",
              "autoscaling:EC2_INSTANCE_TERMINATE_ERROR"
            ],
            "topic_arn": "arn:aws-us-gov:sns:us-gov-west-1:143707052809:awseb-healthd-asg-notifications"
          },
          "sensitive_attributes": []
        }
      ]
    },
    {
      "mode": "managed",
      "type": "aws_autoscaling_notification",
      "name": "awseb_e_bmqqxwyjst_stack_AWSEBAutoScalingGroup_LJXY7KQWBLXK_notification_awseb_healthd_asg_notifications",
      "provider": "provider[\"registry.terraform.io/hashicorp/aws\"]",
      "instances": [
        {
          "schema_version": 0,
          "attributes": {
            "group_names": [
              "awseb-e-bmqqxwyjst-stack-AWSEBAutoScalingGroup-LJXY7KQWBLXK"
            ],
            "id": "awseb-e-bmqqxwyjst-stack-AWSEBAutoScalingGroup-LJXY7KQWBLXK-notification-awseb-healthd-asg-notifications",
            "notifications": [
              "autoscaling:EC2_INSTANCE_LAUNCH",
              "autoscaling:EC2_INSTANCE_LAUNCH_ERROR",
              "autoscaling:EC2_INSTANCE_TERMINATE",
              "autoscaling:EC2_INSTANCE_TERMINATE_ERROR"
            ],
            "topic_arn": "arn:aws-us-gov:sns:us-gov-west-1:143707052809:awseb-healthd-asg-notifications"
          },
          "sensitive_attributes": []
        }
      ]
    },
    {
      "mode": "managed",
      "type": "aws_autoscaling_notification",
      "name": "awseb_e_bner7vhrif_stack_AWSEBAutoScalingGroup_1ROG3ORZMMX48_notification_awseb_healthd_asg_notifications",
      "provider": "provider[\"registry.terraform.io/hashicorp/aws\"]",
      "instances": [
        {
          "schema_version": 0,
          "attributes": {
            "group_names": [
              "awseb-e-bner7vhrif-stack-AWSEBAutoScalingGroup-1ROG3ORZMMX48"
            ],
            "id": "awseb-e-bner7vhrif-stack-AWSEBAutoScalingGroup-1ROG3ORZMMX48-notification-awseb-healthd-asg-notifications",
            "notifications": [
              "autoscaling:EC2_INSTANCE_LAUNCH",
              "autoscaling:EC2_INSTANCE_LAUNCH_ERROR",
              "autoscaling:EC2_INSTANCE_TERMINATE",
              "autoscaling:EC2_INSTANCE_TERMINATE_ERROR"
            ],
            "topic_arn": "arn:aws-us-gov:sns:us-gov-west-1:143707052809:awseb-healthd-asg-notifications"
          },
          "sensitive_attributes": []
        }
      ]
    },
    {
      "mode": "managed",
      "type": "aws_autoscaling_notification",
      "name": "awseb_e_fbj96npvkw_stack_AWSEBAutoScalingGroup_1MV2WEQG4C74B_notification_awseb_healthd_asg_notifications",
      "provider": "provider[\"registry.terraform.io/hashicorp/aws\"]",
      "instances": [
        {
          "schema_version": 0,
          "attributes": {
            "group_names": [
              "awseb-e-fbj96npvkw-stack-AWSEBAutoScalingGroup-1MV2WEQG4C74B"
            ],
            "id": "awseb-e-fbj96npvkw-stack-AWSEBAutoScalingGroup-1MV2WEQG4C74B-notification-awseb-healthd-asg-notifications",
            "notifications": [
              "autoscaling:EC2_INSTANCE_LAUNCH",
              "autoscaling:EC2_INSTANCE_LAUNCH_ERROR",
              "autoscaling:EC2_INSTANCE_TERMINATE",
              "autoscaling:EC2_INSTANCE_TERMINATE_ERROR"
            ],
            "topic_arn": "arn:aws-us-gov:sns:us-gov-west-1:143707052809:awseb-healthd-asg-notifications"
          },
          "sensitive_attributes": []
        }
      ]
    },
    {
      "mode": "managed",
      "type": "aws_autoscaling_notification",
      "name": "awseb_e_fmzgrfkcqp_stack_AWSEBAutoScalingGroup_VMGLQ3UKK1KY_notification_awseb_healthd_asg_notifications",
      "provider": "provider[\"registry.terraform.io/hashicorp/aws\"]",
      "instances": [
        {
          "schema_version": 0,
          "attributes": {
            "group_names": [
              "awseb-e-fmzgrfkcqp-stack-AWSEBAutoScalingGroup-VMGLQ3UKK1KY"
            ],
            "id": "awseb-e-fmzgrfkcqp-stack-AWSEBAutoScalingGroup-VMGLQ3UKK1KY-notification-awseb-healthd-asg-notifications",
            "notifications": [
              "autoscaling:EC2_INSTANCE_LAUNCH",
              "autoscaling:EC2_INSTANCE_LAUNCH_ERROR",
              "autoscaling:EC2_INSTANCE_TERMINATE",
              "autoscaling:EC2_INSTANCE_TERMINATE_ERROR"
            ],
            "topic_arn": "arn:aws-us-gov:sns:us-gov-west-1:143707052809:awseb-healthd-asg-notifications"
          },
          "sensitive_attributes": []
        }
      ]
    },
    {
      "mode": "managed",
      "type": "aws_autoscaling_notification",
      "name": "awseb_e_jgrjparfpf_stack_AWSEBAutoScalingGroup_NCF5DZ76ITDN_notification_awseb_healthd_asg_notifications",
      "provider": "provider[\"registry.terraform.io/hashicorp/aws\"]",
      "instances": [
        {
          "schema_version": 0,
          "attributes": {
            "group_names": [
              "awseb-e-jgrjparfpf-stack-AWSEBAutoScalingGroup-NCF5DZ76ITDN"
            ],
            "id": "awseb-e-jgrjparfpf-stack-AWSEBAutoScalingGroup-NCF5DZ76ITDN-notification-awseb-healthd-asg-notifications",
            "notifications": [
              "autoscaling:EC2_INSTANCE_LAUNCH",
              "autoscaling:EC2_INSTANCE_LAUNCH_ERROR",
              "autoscaling:EC2_INSTANCE_TERMINATE",
              "autoscaling:EC2_INSTANCE_TERMINATE_ERROR"
            ],
            "topic_arn": "arn:aws-us-gov:sns:us-gov-west-1:143707052809:awseb-healthd-asg-notifications"
          },
          "sensitive_attributes": []
        }
      ]
    },
    {
      "mode": "managed",
      "type": "aws_autoscaling_notification",
      "name": "awseb_e_jhagz8maay_stack_AWSEBAutoScalingGroup_1M93QZILI7GQN_notification_awseb_healthd_asg_notifications",
      "provider": "provider[\"registry.terraform.io/hashicorp/aws\"]",
      "instances": [
        {
          "schema_version": 0,
          "attributes": {
            "group_names": [
              "awseb-e-jhagz8maay-stack-AWSEBAutoScalingGroup-1M93QZILI7GQN"
            ],
            "id": "awseb-e-jhagz8maay-stack-AWSEBAutoScalingGroup-1M93QZILI7GQN-notification-awseb-healthd-asg-notifications",
            "notifications": [
              "autoscaling:EC2_INSTANCE_LAUNCH",
              "autoscaling:EC2_INSTANCE_LAUNCH_ERROR",
              "autoscaling:EC2_INSTANCE_TERMINATE",
              "autoscaling:EC2_INSTANCE_TERMINATE_ERROR"
            ],
            "topic_arn": "arn:aws-us-gov:sns:us-gov-west-1:143707052809:awseb-healthd-asg-notifications"
          },
          "sensitive_attributes": []
        }
      ]
    },
    {
      "mode": "managed",
      "type": "aws_autoscaling_notification",
      "name": "awseb_e_p6bifdmp7h_stack_AWSEBAutoScalingGroup_1V4A0JOX0NVPA_notification_awseb_healthd_asg_notifications",
      "provider": "provider[\"registry.terraform.io/hashicorp/aws\"]",
      "instances": [
        {
          "schema_version": 0,
          "attributes": {
            "group_names": [
              "awseb-e-p6bifdmp7h-stack-AWSEBAutoScalingGroup-1V4A0JOX0NVPA"
            ],
            "id": "awseb-e-p6bifdmp7h-stack-AWSEBAutoScalingGroup-1V4A0JOX0NVPA-notification-awseb-healthd-asg-notifications",
            "notifications": [
              "autoscaling:EC2_INSTANCE_LAUNCH",
              "autoscaling:EC2_INSTANCE_LAUNCH_ERROR",
              "autoscaling:EC2_INSTANCE_TERMINATE",
              "autoscaling:EC2_INSTANCE_TERMINATE_ERROR"
            ],
            "topic_arn": "arn:aws-us-gov:sns:us-gov-west-1:143707052809:awseb-healthd-asg-notifications"
          },
          "sensitive_attributes": []
        }
      ]
    },
    {
      "mode": "managed",
      "type": "aws_autoscaling_notification",
      "name": "awseb_e_pcw37ypdme_stack_AWSEBAutoScalingGroup_165D32JDYUA6O_notification_awseb_healthd_asg_notifications",
      "provider": "provider[\"registry.terraform.io/hashicorp/aws\"]",
      "instances": [
        {
          "schema_version": 0,
          "attributes": {
            "group_names": [
              "awseb-e-pcw37ypdme-stack-AWSEBAutoScalingGroup-165D32JDYUA6O"
            ],
            "id": "awseb-e-pcw37ypdme-stack-AWSEBAutoScalingGroup-165D32JDYUA6O-notification-awseb-healthd-asg-notifications",
            "notifications": [
              "autoscaling:EC2_INSTANCE_LAUNCH",
              "autoscaling:EC2_INSTANCE_LAUNCH_ERROR",
              "autoscaling:EC2_INSTANCE_TERMINATE",
              "autoscaling:EC2_INSTANCE_TERMINATE_ERROR"
            ],
            "topic_arn": "arn:aws-us-gov:sns:us-gov-west-1:143707052809:awseb-healthd-asg-notifications"
          },
          "sensitive_attributes": []
        }
      ]
    },
    {
      "mode": "managed",
      "type": "aws_autoscaling_notification",
      "name": "awseb_e_rwv222b3qp_stack_AWSEBAutoScalingGroup_1MLNCOGIT8AIV_notification_awseb_healthd_asg_notifications",
      "provider": "provider[\"registry.terraform.io/hashicorp/aws\"]",
      "instances": [
        {
          "schema_version": 0,
          "attributes": {
            "group_names": [
              "awseb-e-rwv222b3qp-stack-AWSEBAutoScalingGroup-1MLNCOGIT8AIV"
            ],
            "id": "awseb-e-rwv222b3qp-stack-AWSEBAutoScalingGroup-1MLNCOGIT8AIV-notification-awseb-healthd-asg-notifications",
            "notifications": [
              "autoscaling:EC2_INSTANCE_LAUNCH",
              "autoscaling:EC2_INSTANCE_LAUNCH_ERROR",
              "autoscaling:EC2_INSTANCE_TERMINATE",
              "autoscaling:EC2_INSTANCE_TERMINATE_ERROR"
            ],
            "topic_arn": "arn:aws-us-gov:sns:us-gov-west-1:143707052809:awseb-healthd-asg-notifications"
          },
          "sensitive_attributes": []
        }
      ]
    },
    {
      "mode": "managed",
      "type": "aws_autoscaling_notification",
      "name": "awseb_e_tx62adwg2k_stack_AWSEBAutoScalingGroup_WZUPJM6LCB0K_notification_awseb_healthd_asg_notifications",
      "provider": "provider[\"registry.terraform.io/hashicorp/aws\"]",
      "instances": [
        {
          "schema_version": 0,
          "attributes": {
            "group_names": [
              "awseb-e-tx62adwg2k-stack-AWSEBAutoScalingGroup-WZUPJM6LCB0K"
            ],
            "id": "awseb-e-tx62adwg2k-stack-AWSEBAutoScalingGroup-WZUPJM6LCB0K-notification-awseb-healthd-asg-notifications",
            "notifications": [
              "autoscaling:EC2_INSTANCE_LAUNCH",
              "autoscaling:EC2_INSTANCE_LAUNCH_ERROR",
              "autoscaling:EC2_INSTANCE_TERMINATE",
              "autoscaling:EC2_INSTANCE_TERMINATE_ERROR"
            ],
            "topic_arn": "arn:aws-us-gov:sns:us-gov-west-1:143707052809:awseb-healthd-asg-notifications"
          },
          "sensitive_attributes": []
        }
      ]
    },
    {
      "mode": "managed",
      "type": "aws_autoscaling_notification",
      "name": "awseb_e_xmec4epg3c_stack_AWSEBAutoScalingGroup_UQ4ARCTDJ5PP_notification_awseb_healthd_asg_notifications",
      "provider": "provider[\"registry.terraform.io/hashicorp/aws\"]",
      "instances": [
        {
          "schema_version": 0,
          "attributes": {
            "group_names": [
              "awseb-e-xmec4epg3c-stack-AWSEBAutoScalingGroup-UQ4ARCTDJ5PP"
            ],
            "id": "awseb-e-xmec4epg3c-stack-AWSEBAutoScalingGroup-UQ4ARCTDJ5PP-notification-awseb-healthd-asg-notifications",
            "notifications": [
              "autoscaling:EC2_INSTANCE_LAUNCH",
              "autoscaling:EC2_INSTANCE_LAUNCH_ERROR",
              "autoscaling:EC2_INSTANCE_TERMINATE",
              "autoscaling:EC2_INSTANCE_TERMINATE_ERROR"
            ],
            "topic_arn": "arn:aws-us-gov:sns:us-gov-west-1:143707052809:awseb-healthd-asg-notifications"
          },
          "sensitive_attributes": []
        }
      ]
    },
    {
      "mode": "managed",
      "type": "aws_autoscaling_notification",
      "name": "awseb_e_yd9s5vvfgp_stack_AWSEBAutoScalingGroup_NT4M6B5ZTDEQ_notification_awseb_healthd_asg_notifications",
      "provider": "provider[\"registry.terraform.io/hashicorp/aws\"]",
      "instances": [
        {
          "schema_version": 0,
          "attributes": {
            "group_names": [
              "awseb-e-yd9s5vvfgp-stack-AWSEBAutoScalingGroup-NT4M6B5ZTDEQ"
            ],
            "id": "awseb-e-yd9s5vvfgp-stack-AWSEBAutoScalingGroup-NT4M6B5ZTDEQ-notification-awseb-healthd-asg-notifications",
            "notifications": [
              "autoscaling:EC2_INSTANCE_LAUNCH",
              "autoscaling:EC2_INSTANCE_LAUNCH_ERROR",
              "autoscaling:EC2_INSTANCE_TERMINATE",
              "autoscaling:EC2_INSTANCE_TERMINATE_ERROR"
            ],
            "topic_arn": "arn:aws-us-gov:sns:us-gov-west-1:143707052809:awseb-healthd-asg-notifications"
          },
          "sensitive_attributes": []
        }
      ]
    },
    {
      "mode": "managed",
      "type": "aws_autoscaling_policy",
      "name": "awseb_e_32xzmdus8p_stack_AWSEBAutoScalingScaleDownPolicy_1LQ23IKYWK7K9",
      "provider": "provider[\"registry.terraform.io/hashicorp/aws\"]",
      "instances": [
        {
          "schema_version": 0,
          "attributes": {
            "adjustment_type": "ChangeInCapacity",
            "arn": "arn:aws-us-gov:autoscaling:us-gov-west-1:050779347855:scalingPolicy:8eec7c12-4b96-4920-a3c2-8da1cf9bd64d:autoScalingGroupName/awseb-e-32xzmdus8p-stack-AWSEBAutoScalingGroup-DG4CSGRX6MCC:policyName/awseb-e-32xzmdus8p-stack-AWSEBAutoScalingScaleDownPolicy-1LQ23IKYWK7K9",
            "autoscaling_group_name": "awseb-e-32xzmdus8p-stack-AWSEBAutoScalingGroup-DG4CSGRX6MCC",
            "cooldown": 0,
            "enabled": true,
            "estimated_instance_warmup": 0,
            "id": "awseb-e-32xzmdus8p-stack-AWSEBAutoScalingScaleDownPolicy-1LQ23IKYWK7K9",
            "metric_aggregation_type": "",
            "min_adjustment_magnitude": 0,
            "name": "awseb-e-32xzmdus8p-stack-AWSEBAutoScalingScaleDownPolicy-1LQ23IKYWK7K9",
            "policy_type": "SimpleScaling",
            "predictive_scaling_configuration": [],
            "scaling_adjustment": -1,
            "step_adjustment": [],
            "target_tracking_configuration": []
          },
          "sensitive_attributes": []
        }
      ]
    },
    {
      "mode": "managed",
      "type": "aws_autoscaling_policy",
      "name": "awseb_e_32xzmdus8p_stack_AWSEBAutoScalingScaleUpPolicy_D7J831S7DEUE",
      "provider": "provider[\"registry.terraform.io/hashicorp/aws\"]",
      "instances": [
        {
          "schema_version": 0,
          "attributes": {
            "adjustment_type": "ChangeInCapacity",
            "arn": "arn:aws-us-gov:autoscaling:us-gov-west-1:050779347855:scalingPolicy:108742bd-0c11-435d-bfb2-050f9353da86:autoScalingGroupName/awseb-e-32xzmdus8p-stack-AWSEBAutoScalingGroup-DG4CSGRX6MCC:policyName/awseb-e-32xzmdus8p-stack-AWSEBAutoScalingScaleUpPolicy-D7J831S7DEUE",
            "autoscaling_group_name": "awseb-e-32xzmdus8p-stack-AWSEBAutoScalingGroup-DG4CSGRX6MCC",
            "cooldown": 0,
            "enabled": true,
            "estimated_instance_warmup": 0,
            "id": "awseb-e-32xzmdus8p-stack-AWSEBAutoScalingScaleUpPolicy-D7J831S7DEUE",
            "metric_aggregation_type": "",
            "min_adjustment_magnitude": 0,
            "name": "awseb-e-32xzmdus8p-stack-AWSEBAutoScalingScaleUpPolicy-D7J831S7DEUE",
            "policy_type": "SimpleScaling",
            "predictive_scaling_configuration": [],
            "scaling_adjustment": 1,
            "step_adjustment": [],
            "target_tracking_configuration": []
          },
          "sensitive_attributes": []
        }
      ]
    },
    {
      "mode": "managed",
      "type": "aws_autoscaling_policy",
      "name": "awseb_e_3evreti3za_stack_AWSEBAutoScalingScaleDownPolicy_1QA01LKLM6OP4",
      "provider": "provider[\"registry.terraform.io/hashicorp/aws\"]",
      "instances": [
        {
          "schema_version": 0,
          "attributes": {
            "adjustment_type": "ChangeInCapacity",
            "arn": "arn:aws-us-gov:autoscaling:us-gov-west-1:050779347855:scalingPolicy:e5258724-b895-42c9-b15e-6d3322a09eb1:autoScalingGroupName/awseb-e-3evreti3za-stack-AWSEBAutoScalingGroup-1B0EJVZQ6UQV9:policyName/awseb-e-3evreti3za-stack-AWSEBAutoScalingScaleDownPolicy-1QA01LKLM6OP4",
            "autoscaling_group_name": "awseb-e-3evreti3za-stack-AWSEBAutoScalingGroup-1B0EJVZQ6UQV9",
            "cooldown": 0,
            "enabled": true,
            "estimated_instance_warmup": 0,
            "id": "awseb-e-3evreti3za-stack-AWSEBAutoScalingScaleDownPolicy-1QA01LKLM6OP4",
            "metric_aggregation_type": "",
            "min_adjustment_magnitude": 0,
            "name": "awseb-e-3evreti3za-stack-AWSEBAutoScalingScaleDownPolicy-1QA01LKLM6OP4",
            "policy_type": "SimpleScaling",
            "predictive_scaling_configuration": [],
            "scaling_adjustment": -1,
            "step_adjustment": [],
            "target_tracking_configuration": []
          },
          "sensitive_attributes": []
        }
      ]
    },
    {
      "mode": "managed",
      "type": "aws_autoscaling_policy",
      "name": "awseb_e_3evreti3za_stack_AWSEBAutoScalingScaleUpPolicy_PIRZN48RTQJA",
      "provider": "provider[\"registry.terraform.io/hashicorp/aws\"]",
      "instances": [
        {
          "schema_version": 0,
          "attributes": {
            "adjustment_type": "ChangeInCapacity",
            "arn": "arn:aws-us-gov:autoscaling:us-gov-west-1:050779347855:scalingPolicy:7d8dd0cf-1c9a-41a4-b902-ebff7ba48a7c:autoScalingGroupName/awseb-e-3evreti3za-stack-AWSEBAutoScalingGroup-1B0EJVZQ6UQV9:policyName/awseb-e-3evreti3za-stack-AWSEBAutoScalingScaleUpPolicy-PIRZN48RTQJA",
            "autoscaling_group_name": "awseb-e-3evreti3za-stack-AWSEBAutoScalingGroup-1B0EJVZQ6UQV9",
            "cooldown": 0,
            "enabled": true,
            "estimated_instance_warmup": 0,
            "id": "awseb-e-3evreti3za-stack-AWSEBAutoScalingScaleUpPolicy-PIRZN48RTQJA",
            "metric_aggregation_type": "",
            "min_adjustment_magnitude": 0,
            "name": "awseb-e-3evreti3za-stack-AWSEBAutoScalingScaleUpPolicy-PIRZN48RTQJA",
            "policy_type": "SimpleScaling",
            "predictive_scaling_configuration": [],
            "scaling_adjustment": 1,
            "step_adjustment": [],
            "target_tracking_configuration": []
          },
          "sensitive_attributes": []
        }
      ]
    },
    {
      "mode": "managed",
      "type": "aws_autoscaling_policy",
      "name": "awseb_e_59p3bpnwec_stack_AWSEBAutoScalingScaleDownPolicy_14U0CO42AAFAI",
      "provider": "provider[\"registry.terraform.io/hashicorp/aws\"]",
      "instances": [
        {
          "schema_version": 0,
          "attributes": {
            "adjustment_type": "ChangeInCapacity",
            "arn": "arn:aws-us-gov:autoscaling:us-gov-west-1:050779347855:scalingPolicy:5c601545-0493-4b4f-9133-6a00c4b5b34b:autoScalingGroupName/awseb-e-59p3bpnwec-stack-AWSEBAutoScalingGroup-1ON4K0NW5K7WO:policyName/awseb-e-59p3bpnwec-stack-AWSEBAutoScalingScaleDownPolicy-14U0CO42AAFAI",
            "autoscaling_group_name": "awseb-e-59p3bpnwec-stack-AWSEBAutoScalingGroup-1ON4K0NW5K7WO",
            "cooldown": 0,
            "enabled": true,
            "estimated_instance_warmup": 0,
            "id": "awseb-e-59p3bpnwec-stack-AWSEBAutoScalingScaleDownPolicy-14U0CO42AAFAI",
            "metric_aggregation_type": "",
            "min_adjustment_magnitude": 0,
            "name": "awseb-e-59p3bpnwec-stack-AWSEBAutoScalingScaleDownPolicy-14U0CO42AAFAI",
            "policy_type": "SimpleScaling",
            "predictive_scaling_configuration": [],
            "scaling_adjustment": -1,
            "step_adjustment": [],
            "target_tracking_configuration": []
          },
          "sensitive_attributes": []
        }
      ]
    },
    {
      "mode": "managed",
      "type": "aws_autoscaling_policy",
      "name": "awseb_e_59p3bpnwec_stack_AWSEBAutoScalingScaleUpPolicy_19YO6NK6QDGZZ",
      "provider": "provider[\"registry.terraform.io/hashicorp/aws\"]",
      "instances": [
        {
          "schema_version": 0,
          "attributes": {
            "adjustment_type": "ChangeInCapacity",
            "arn": "arn:aws-us-gov:autoscaling:us-gov-west-1:050779347855:scalingPolicy:00b97533-143b-4b17-89d4-70b3ee2318db:autoScalingGroupName/awseb-e-59p3bpnwec-stack-AWSEBAutoScalingGroup-1ON4K0NW5K7WO:policyName/awseb-e-59p3bpnwec-stack-AWSEBAutoScalingScaleUpPolicy-19YO6NK6QDGZZ",
            "autoscaling_group_name": "awseb-e-59p3bpnwec-stack-AWSEBAutoScalingGroup-1ON4K0NW5K7WO",
            "cooldown": 0,
            "enabled": true,
            "estimated_instance_warmup": 0,
            "id": "awseb-e-59p3bpnwec-stack-AWSEBAutoScalingScaleUpPolicy-19YO6NK6QDGZZ",
            "metric_aggregation_type": "",
            "min_adjustment_magnitude": 0,
            "name": "awseb-e-59p3bpnwec-stack-AWSEBAutoScalingScaleUpPolicy-19YO6NK6QDGZZ",
            "policy_type": "SimpleScaling",
            "predictive_scaling_configuration": [],
            "scaling_adjustment": 1,
            "step_adjustment": [],
            "target_tracking_configuration": []
          },
          "sensitive_attributes": []
        }
      ]
    },
    {
      "mode": "managed",
      "type": "aws_autoscaling_policy",
      "name": "awseb_e_bmqqxwyjst_stack_AWSEBAutoScalingScaleDownPolicy_1W1FB8PCAQDE0",
      "provider": "provider[\"registry.terraform.io/hashicorp/aws\"]",
      "instances": [
        {
          "schema_version": 0,
          "attributes": {
            "adjustment_type": "ChangeInCapacity",
            "arn": "arn:aws-us-gov:autoscaling:us-gov-west-1:050779347855:scalingPolicy:08b39865-2658-4522-9433-334844a0ce95:autoScalingGroupName/awseb-e-bmqqxwyjst-stack-AWSEBAutoScalingGroup-LJXY7KQWBLXK:policyName/awseb-e-bmqqxwyjst-stack-AWSEBAutoScalingScaleDownPolicy-1W1FB8PCAQDE0",
            "autoscaling_group_name": "awseb-e-bmqqxwyjst-stack-AWSEBAutoScalingGroup-LJXY7KQWBLXK",
            "cooldown": 0,
            "enabled": true,
            "estimated_instance_warmup": 0,
            "id": "awseb-e-bmqqxwyjst-stack-AWSEBAutoScalingScaleDownPolicy-1W1FB8PCAQDE0",
            "metric_aggregation_type": "",
            "min_adjustment_magnitude": 0,
            "name": "awseb-e-bmqqxwyjst-stack-AWSEBAutoScalingScaleDownPolicy-1W1FB8PCAQDE0",
            "policy_type": "SimpleScaling",
            "predictive_scaling_configuration": [],
            "scaling_adjustment": -1,
            "step_adjustment": [],
            "target_tracking_configuration": []
          },
          "sensitive_attributes": []
        }
      ]
    },
    {
      "mode": "managed",
      "type": "aws_autoscaling_policy",
      "name": "awseb_e_bmqqxwyjst_stack_AWSEBAutoScalingScaleUpPolicy_X4PGNF0ID3Y8",
      "provider": "provider[\"registry.terraform.io/hashicorp/aws\"]",
      "instances": [
        {
          "schema_version": 0,
          "attributes": {
            "adjustment_type": "ChangeInCapacity",
            "arn": "arn:aws-us-gov:autoscaling:us-gov-west-1:050779347855:scalingPolicy:af30632c-d2b9-4525-acc7-e579ef64edcc:autoScalingGroupName/awseb-e-bmqqxwyjst-stack-AWSEBAutoScalingGroup-LJXY7KQWBLXK:policyName/awseb-e-bmqqxwyjst-stack-AWSEBAutoScalingScaleUpPolicy-X4PGNF0ID3Y8",
            "autoscaling_group_name": "awseb-e-bmqqxwyjst-stack-AWSEBAutoScalingGroup-LJXY7KQWBLXK",
            "cooldown": 0,
            "enabled": true,
            "estimated_instance_warmup": 0,
            "id": "awseb-e-bmqqxwyjst-stack-AWSEBAutoScalingScaleUpPolicy-X4PGNF0ID3Y8",
            "metric_aggregation_type": "",
            "min_adjustment_magnitude": 0,
            "name": "awseb-e-bmqqxwyjst-stack-AWSEBAutoScalingScaleUpPolicy-X4PGNF0ID3Y8",
            "policy_type": "SimpleScaling",
            "predictive_scaling_configuration": [],
            "scaling_adjustment": 1,
            "step_adjustment": [],
            "target_tracking_configuration": []
          },
          "sensitive_attributes": []
        }
      ]
    },
    {
      "mode": "managed",
      "type": "aws_autoscaling_policy",
      "name": "awseb_e_bner7vhrif_stack_AWSEBAutoScalingScaleDownPolicy_1VYZ7L04QGB70",
      "provider": "provider[\"registry.terraform.io/hashicorp/aws\"]",
      "instances": [
        {
          "schema_version": 0,
          "attributes": {
            "adjustment_type": "ChangeInCapacity",
            "arn": "arn:aws-us-gov:autoscaling:us-gov-west-1:050779347855:scalingPolicy:a4bcb435-11fd-41ae-8a21-d61490900f5f:autoScalingGroupName/awseb-e-bner7vhrif-stack-AWSEBAutoScalingGroup-1ROG3ORZMMX48:policyName/awseb-e-bner7vhrif-stack-AWSEBAutoScalingScaleDownPolicy-1VYZ7L04QGB70",
            "autoscaling_group_name": "awseb-e-bner7vhrif-stack-AWSEBAutoScalingGroup-1ROG3ORZMMX48",
            "cooldown": 0,
            "enabled": true,
            "estimated_instance_warmup": 0,
            "id": "awseb-e-bner7vhrif-stack-AWSEBAutoScalingScaleDownPolicy-1VYZ7L04QGB70",
            "metric_aggregation_type": "",
            "min_adjustment_magnitude": 0,
            "name": "awseb-e-bner7vhrif-stack-AWSEBAutoScalingScaleDownPolicy-1VYZ7L04QGB70",
            "policy_type": "SimpleScaling",
            "predictive_scaling_configuration": [],
            "scaling_adjustment": -1,
            "step_adjustment": [],
            "target_tracking_configuration": []
          },
          "sensitive_attributes": []
        }
      ]
    },
    {
      "mode": "managed",
      "type": "aws_autoscaling_policy",
      "name": "awseb_e_bner7vhrif_stack_AWSEBAutoScalingScaleUpPolicy_LTG6WYDJC8K6",
      "provider": "provider[\"registry.terraform.io/hashicorp/aws\"]",
      "instances": [
        {
          "schema_version": 0,
          "attributes": {
            "adjustment_type": "ChangeInCapacity",
            "arn": "arn:aws-us-gov:autoscaling:us-gov-west-1:050779347855:scalingPolicy:1d9ca904-e2b0-45ef-af34-73da583be568:autoScalingGroupName/awseb-e-bner7vhrif-stack-AWSEBAutoScalingGroup-1ROG3ORZMMX48:policyName/awseb-e-bner7vhrif-stack-AWSEBAutoScalingScaleUpPolicy-LTG6WYDJC8K6",
            "autoscaling_group_name": "awseb-e-bner7vhrif-stack-AWSEBAutoScalingGroup-1ROG3ORZMMX48",
            "cooldown": 0,
            "enabled": true,
            "estimated_instance_warmup": 0,
            "id": "awseb-e-bner7vhrif-stack-AWSEBAutoScalingScaleUpPolicy-LTG6WYDJC8K6",
            "metric_aggregation_type": "",
            "min_adjustment_magnitude": 0,
            "name": "awseb-e-bner7vhrif-stack-AWSEBAutoScalingScaleUpPolicy-LTG6WYDJC8K6",
            "policy_type": "SimpleScaling",
            "predictive_scaling_configuration": [],
            "scaling_adjustment": 1,
            "step_adjustment": [],
            "target_tracking_configuration": []
          },
          "sensitive_attributes": []
        }
      ]
    },
    {
      "mode": "managed",
      "type": "aws_autoscaling_policy",
      "name": "awseb_e_fbj96npvkw_stack_AWSEBAutoScalingScaleDownPolicy_137S4KAZDJWXY",
      "provider": "provider[\"registry.terraform.io/hashicorp/aws\"]",
      "instances": [
        {
          "schema_version": 0,
          "attributes": {
            "adjustment_type": "ChangeInCapacity",
            "arn": "arn:aws-us-gov:autoscaling:us-gov-west-1:050779347855:scalingPolicy:761387e0-4c29-4662-b1f8-016cb51d8be8:autoScalingGroupName/awseb-e-fbj96npvkw-stack-AWSEBAutoScalingGroup-1MV2WEQG4C74B:policyName/awseb-e-fbj96npvkw-stack-AWSEBAutoScalingScaleDownPolicy-137S4KAZDJWXY",
            "autoscaling_group_name": "awseb-e-fbj96npvkw-stack-AWSEBAutoScalingGroup-1MV2WEQG4C74B",
            "cooldown": 0,
            "enabled": true,
            "estimated_instance_warmup": 0,
            "id": "awseb-e-fbj96npvkw-stack-AWSEBAutoScalingScaleDownPolicy-137S4KAZDJWXY",
            "metric_aggregation_type": "",
            "min_adjustment_magnitude": 0,
            "name": "awseb-e-fbj96npvkw-stack-AWSEBAutoScalingScaleDownPolicy-137S4KAZDJWXY",
            "policy_type": "SimpleScaling",
            "predictive_scaling_configuration": [],
            "scaling_adjustment": -1,
            "step_adjustment": [],
            "target_tracking_configuration": []
          },
          "sensitive_attributes": []
        }
      ]
    },
    {
      "mode": "managed",
      "type": "aws_autoscaling_policy",
      "name": "awseb_e_fbj96npvkw_stack_AWSEBAutoScalingScaleUpPolicy_1RWNOVAVZ2TXH",
      "provider": "provider[\"registry.terraform.io/hashicorp/aws\"]",
      "instances": [
        {
          "schema_version": 0,
          "attributes": {
            "adjustment_type": "ChangeInCapacity",
            "arn": "arn:aws-us-gov:autoscaling:us-gov-west-1:050779347855:scalingPolicy:e7f0f65c-2773-4bd9-bc51-fcee1c63868d:autoScalingGroupName/awseb-e-fbj96npvkw-stack-AWSEBAutoScalingGroup-1MV2WEQG4C74B:policyName/awseb-e-fbj96npvkw-stack-AWSEBAutoScalingScaleUpPolicy-1RWNOVAVZ2TXH",
            "autoscaling_group_name": "awseb-e-fbj96npvkw-stack-AWSEBAutoScalingGroup-1MV2WEQG4C74B",
            "cooldown": 0,
            "enabled": true,
            "estimated_instance_warmup": 0,
            "id": "awseb-e-fbj96npvkw-stack-AWSEBAutoScalingScaleUpPolicy-1RWNOVAVZ2TXH",
            "metric_aggregation_type": "",
            "min_adjustment_magnitude": 0,
            "name": "awseb-e-fbj96npvkw-stack-AWSEBAutoScalingScaleUpPolicy-1RWNOVAVZ2TXH",
            "policy_type": "SimpleScaling",
            "predictive_scaling_configuration": [],
            "scaling_adjustment": 1,
            "step_adjustment": [],
            "target_tracking_configuration": []
          },
          "sensitive_attributes": []
        }
      ]
    },
    {
      "mode": "managed",
      "type": "aws_autoscaling_policy",
      "name": "awseb_e_fmzgrfkcqp_stack_AWSEBAutoScalingScaleDownPolicy_1T1KWOEZQZ9AU",
      "provider": "provider[\"registry.terraform.io/hashicorp/aws\"]",
      "instances": [
        {
          "schema_version": 0,
          "attributes": {
            "adjustment_type": "ChangeInCapacity",
            "arn": "arn:aws-us-gov:autoscaling:us-gov-west-1:050779347855:scalingPolicy:0d255754-e734-4657-ba3a-def2e077e3fd:autoScalingGroupName/awseb-e-fmzgrfkcqp-stack-AWSEBAutoScalingGroup-VMGLQ3UKK1KY:policyName/awseb-e-fmzgrfkcqp-stack-AWSEBAutoScalingScaleDownPolicy-1T1KWOEZQZ9AU",
            "autoscaling_group_name": "awseb-e-fmzgrfkcqp-stack-AWSEBAutoScalingGroup-VMGLQ3UKK1KY",
            "cooldown": 0,
            "enabled": true,
            "estimated_instance_warmup": 0,
            "id": "awseb-e-fmzgrfkcqp-stack-AWSEBAutoScalingScaleDownPolicy-1T1KWOEZQZ9AU",
            "metric_aggregation_type": "",
            "min_adjustment_magnitude": 0,
            "name": "awseb-e-fmzgrfkcqp-stack-AWSEBAutoScalingScaleDownPolicy-1T1KWOEZQZ9AU",
            "policy_type": "SimpleScaling",
            "predictive_scaling_configuration": [],
            "scaling_adjustment": -1,
            "step_adjustment": [],
            "target_tracking_configuration": []
          },
          "sensitive_attributes": []
        }
      ]
    },
    {
      "mode": "managed",
      "type": "aws_autoscaling_policy",
      "name": "awseb_e_fmzgrfkcqp_stack_AWSEBAutoScalingScaleUpPolicy_183USW1NM3Y41",
      "provider": "provider[\"registry.terraform.io/hashicorp/aws\"]",
      "instances": [
        {
          "schema_version": 0,
          "attributes": {
            "adjustment_type": "ChangeInCapacity",
            "arn": "arn:aws-us-gov:autoscaling:us-gov-west-1:050779347855:scalingPolicy:de6f1db5-3f67-4bb8-8154-5d2a8a7b4621:autoScalingGroupName/awseb-e-fmzgrfkcqp-stack-AWSEBAutoScalingGroup-VMGLQ3UKK1KY:policyName/awseb-e-fmzgrfkcqp-stack-AWSEBAutoScalingScaleUpPolicy-183USW1NM3Y41",
            "autoscaling_group_name": "awseb-e-fmzgrfkcqp-stack-AWSEBAutoScalingGroup-VMGLQ3UKK1KY",
            "cooldown": 0,
            "enabled": true,
            "estimated_instance_warmup": 0,
            "id": "awseb-e-fmzgrfkcqp-stack-AWSEBAutoScalingScaleUpPolicy-183USW1NM3Y41",
            "metric_aggregation_type": "",
            "min_adjustment_magnitude": 0,
            "name": "awseb-e-fmzgrfkcqp-stack-AWSEBAutoScalingScaleUpPolicy-183USW1NM3Y41",
            "policy_type": "SimpleScaling",
            "predictive_scaling_configuration": [],
            "scaling_adjustment": 1,
            "step_adjustment": [],
            "target_tracking_configuration": []
          },
          "sensitive_attributes": []
        }
      ]
    },
    {
      "mode": "managed",
      "type": "aws_autoscaling_policy",
      "name": "awseb_e_jgrjparfpf_stack_AWSEBAutoScalingScaleDownPolicy_9JQDULVEQPY7",
      "provider": "provider[\"registry.terraform.io/hashicorp/aws\"]",
      "instances": [
        {
          "schema_version": 0,
          "attributes": {
            "adjustment_type": "ChangeInCapacity",
            "arn": "arn:aws-us-gov:autoscaling:us-gov-west-1:050779347855:scalingPolicy:15e3825c-8531-42ae-a854-e663e77abb18:autoScalingGroupName/awseb-e-jgrjparfpf-stack-AWSEBAutoScalingGroup-NCF5DZ76ITDN:policyName/awseb-e-jgrjparfpf-stack-AWSEBAutoScalingScaleDownPolicy-9JQDULVEQPY7",
            "autoscaling_group_name": "awseb-e-jgrjparfpf-stack-AWSEBAutoScalingGroup-NCF5DZ76ITDN",
            "cooldown": 0,
            "enabled": true,
            "estimated_instance_warmup": 0,
            "id": "awseb-e-jgrjparfpf-stack-AWSEBAutoScalingScaleDownPolicy-9JQDULVEQPY7",
            "metric_aggregation_type": "",
            "min_adjustment_magnitude": 0,
            "name": "awseb-e-jgrjparfpf-stack-AWSEBAutoScalingScaleDownPolicy-9JQDULVEQPY7",
            "policy_type": "SimpleScaling",
            "predictive_scaling_configuration": [],
            "scaling_adjustment": -1,
            "step_adjustment": [],
            "target_tracking_configuration": []
          },
          "sensitive_attributes": []
        }
      ]
    },
    {
      "mode": "managed",
      "type": "aws_autoscaling_policy",
      "name": "awseb_e_jgrjparfpf_stack_AWSEBAutoScalingScaleUpPolicy_11PB2TBVHV9T1",
      "provider": "provider[\"registry.terraform.io/hashicorp/aws\"]",
      "instances": [
        {
          "schema_version": 0,
          "attributes": {
            "adjustment_type": "ChangeInCapacity",
            "arn": "arn:aws-us-gov:autoscaling:us-gov-west-1:050779347855:scalingPolicy:8fce3c60-b542-4c29-86da-fa80ba44e661:autoScalingGroupName/awseb-e-jgrjparfpf-stack-AWSEBAutoScalingGroup-NCF5DZ76ITDN:policyName/awseb-e-jgrjparfpf-stack-AWSEBAutoScalingScaleUpPolicy-11PB2TBVHV9T1",
            "autoscaling_group_name": "awseb-e-jgrjparfpf-stack-AWSEBAutoScalingGroup-NCF5DZ76ITDN",
            "cooldown": 0,
            "enabled": true,
            "estimated_instance_warmup": 0,
            "id": "awseb-e-jgrjparfpf-stack-AWSEBAutoScalingScaleUpPolicy-11PB2TBVHV9T1",
            "metric_aggregation_type": "",
            "min_adjustment_magnitude": 0,
            "name": "awseb-e-jgrjparfpf-stack-AWSEBAutoScalingScaleUpPolicy-11PB2TBVHV9T1",
            "policy_type": "SimpleScaling",
            "predictive_scaling_configuration": [],
            "scaling_adjustment": 1,
            "step_adjustment": [],
            "target_tracking_configuration": []
          },
          "sensitive_attributes": []
        }
      ]
    },
    {
      "mode": "managed",
      "type": "aws_autoscaling_policy",
      "name": "awseb_e_jhagz8maay_stack_AWSEBAutoScalingScaleDownPolicy_10I5CG1UC20TG",
      "provider": "provider[\"registry.terraform.io/hashicorp/aws\"]",
      "instances": [
        {
          "schema_version": 0,
          "attributes": {
            "adjustment_type": "ChangeInCapacity",
            "arn": "arn:aws-us-gov:autoscaling:us-gov-west-1:050779347855:scalingPolicy:f49f3917-77cf-47bf-bdaf-4e39e14112ac:autoScalingGroupName/awseb-e-jhagz8maay-stack-AWSEBAutoScalingGroup-1M93QZILI7GQN:policyName/awseb-e-jhagz8maay-stack-AWSEBAutoScalingScaleDownPolicy-10I5CG1UC20TG",
            "autoscaling_group_name": "awseb-e-jhagz8maay-stack-AWSEBAutoScalingGroup-1M93QZILI7GQN",
            "cooldown": 0,
            "enabled": true,
            "estimated_instance_warmup": 0,
            "id": "awseb-e-jhagz8maay-stack-AWSEBAutoScalingScaleDownPolicy-10I5CG1UC20TG",
            "metric_aggregation_type": "",
            "min_adjustment_magnitude": 0,
            "name": "awseb-e-jhagz8maay-stack-AWSEBAutoScalingScaleDownPolicy-10I5CG1UC20TG",
            "policy_type": "SimpleScaling",
            "predictive_scaling_configuration": [],
            "scaling_adjustment": -1,
            "step_adjustment": [],
            "target_tracking_configuration": []
          },
          "sensitive_attributes": []
        }
      ]
    },
    {
      "mode": "managed",
      "type": "aws_autoscaling_policy",
      "name": "awseb_e_jhagz8maay_stack_AWSEBAutoScalingScaleUpPolicy_QAXPAV3838SO",
      "provider": "provider[\"registry.terraform.io/hashicorp/aws\"]",
      "instances": [
        {
          "schema_version": 0,
          "attributes": {
            "adjustment_type": "ChangeInCapacity",
            "arn": "arn:aws-us-gov:autoscaling:us-gov-west-1:050779347855:scalingPolicy:54530d52-cfe6-4344-8943-72119c3ad9c4:autoScalingGroupName/awseb-e-jhagz8maay-stack-AWSEBAutoScalingGroup-1M93QZILI7GQN:policyName/awseb-e-jhagz8maay-stack-AWSEBAutoScalingScaleUpPolicy-QAXPAV3838SO",
            "autoscaling_group_name": "awseb-e-jhagz8maay-stack-AWSEBAutoScalingGroup-1M93QZILI7GQN",
            "cooldown": 0,
            "enabled": true,
            "estimated_instance_warmup": 0,
            "id": "awseb-e-jhagz8maay-stack-AWSEBAutoScalingScaleUpPolicy-QAXPAV3838SO",
            "metric_aggregation_type": "",
            "min_adjustment_magnitude": 0,
            "name": "awseb-e-jhagz8maay-stack-AWSEBAutoScalingScaleUpPolicy-QAXPAV3838SO",
            "policy_type": "SimpleScaling",
            "predictive_scaling_configuration": [],
            "scaling_adjustment": 1,
            "step_adjustment": [],
            "target_tracking_configuration": []
          },
          "sensitive_attributes": []
        }
      ]
    },
    {
      "mode": "managed",
      "type": "aws_autoscaling_policy",
      "name": "awseb_e_p6bifdmp7h_stack_AWSEBAutoScalingScaleDownPolicy_V6SQJEGNRN3O",
      "provider": "provider[\"registry.terraform.io/hashicorp/aws\"]",
      "instances": [
        {
          "schema_version": 0,
          "attributes": {
            "adjustment_type": "ChangeInCapacity",
            "arn": "arn:aws-us-gov:autoscaling:us-gov-west-1:050779347855:scalingPolicy:2e3e20b6-59fa-42a8-8432-f7cab7e7099c:autoScalingGroupName/awseb-e-p6bifdmp7h-stack-AWSEBAutoScalingGroup-1V4A0JOX0NVPA:policyName/awseb-e-p6bifdmp7h-stack-AWSEBAutoScalingScaleDownPolicy-V6SQJEGNRN3O",
            "autoscaling_group_name": "awseb-e-p6bifdmp7h-stack-AWSEBAutoScalingGroup-1V4A0JOX0NVPA",
            "cooldown": 0,
            "enabled": true,
            "estimated_instance_warmup": 0,
            "id": "awseb-e-p6bifdmp7h-stack-AWSEBAutoScalingScaleDownPolicy-V6SQJEGNRN3O",
            "metric_aggregation_type": "",
            "min_adjustment_magnitude": 0,
            "name": "awseb-e-p6bifdmp7h-stack-AWSEBAutoScalingScaleDownPolicy-V6SQJEGNRN3O",
            "policy_type": "SimpleScaling",
            "predictive_scaling_configuration": [],
            "scaling_adjustment": -1,
            "step_adjustment": [],
            "target_tracking_configuration": []
          },
          "sensitive_attributes": []
        }
      ]
    },
    {
      "mode": "managed",
      "type": "aws_autoscaling_policy",
      "name": "awseb_e_p6bifdmp7h_stack_AWSEBAutoScalingScaleUpPolicy_2SU74CPESGKG",
      "provider": "provider[\"registry.terraform.io/hashicorp/aws\"]",
      "instances": [
        {
          "schema_version": 0,
          "attributes": {
            "adjustment_type": "ChangeInCapacity",
            "arn": "arn:aws-us-gov:autoscaling:us-gov-west-1:050779347855:scalingPolicy:569469f7-1944-46b9-a1bf-caac87464edd:autoScalingGroupName/awseb-e-p6bifdmp7h-stack-AWSEBAutoScalingGroup-1V4A0JOX0NVPA:policyName/awseb-e-p6bifdmp7h-stack-AWSEBAutoScalingScaleUpPolicy-2SU74CPESGKG",
            "autoscaling_group_name": "awseb-e-p6bifdmp7h-stack-AWSEBAutoScalingGroup-1V4A0JOX0NVPA",
            "cooldown": 0,
            "enabled": true,
            "estimated_instance_warmup": 0,
            "id": "awseb-e-p6bifdmp7h-stack-AWSEBAutoScalingScaleUpPolicy-2SU74CPESGKG",
            "metric_aggregation_type": "",
            "min_adjustment_magnitude": 0,
            "name": "awseb-e-p6bifdmp7h-stack-AWSEBAutoScalingScaleUpPolicy-2SU74CPESGKG",
            "policy_type": "SimpleScaling",
            "predictive_scaling_configuration": [],
            "scaling_adjustment": 1,
            "step_adjustment": [],
            "target_tracking_configuration": []
          },
          "sensitive_attributes": []
        }
      ]
    },
    {
      "mode": "managed",
      "type": "aws_autoscaling_policy",
      "name": "awseb_e_pcw37ypdme_stack_AWSEBAutoScalingScaleDownPolicy_HG4KJV0Q69ZT",
      "provider": "provider[\"registry.terraform.io/hashicorp/aws\"]",
      "instances": [
        {
          "schema_version": 0,
          "attributes": {
            "adjustment_type": "ChangeInCapacity",
            "arn": "arn:aws-us-gov:autoscaling:us-gov-west-1:050779347855:scalingPolicy:d0ee087c-8fb8-4213-90fa-d8d5f80af1bd:autoScalingGroupName/awseb-e-pcw37ypdme-stack-AWSEBAutoScalingGroup-165D32JDYUA6O:policyName/awseb-e-pcw37ypdme-stack-AWSEBAutoScalingScaleDownPolicy-HG4KJV0Q69ZT",
            "autoscaling_group_name": "awseb-e-pcw37ypdme-stack-AWSEBAutoScalingGroup-165D32JDYUA6O",
            "cooldown": 0,
            "enabled": true,
            "estimated_instance_warmup": 0,
            "id": "awseb-e-pcw37ypdme-stack-AWSEBAutoScalingScaleDownPolicy-HG4KJV0Q69ZT",
            "metric_aggregation_type": "",
            "min_adjustment_magnitude": 0,
            "name": "awseb-e-pcw37ypdme-stack-AWSEBAutoScalingScaleDownPolicy-HG4KJV0Q69ZT",
            "policy_type": "SimpleScaling",
            "predictive_scaling_configuration": [],
            "scaling_adjustment": -1,
            "step_adjustment": [],
            "target_tracking_configuration": []
          },
          "sensitive_attributes": []
        }
      ]
    },
    {
      "mode": "managed",
      "type": "aws_autoscaling_policy",
      "name": "awseb_e_pcw37ypdme_stack_AWSEBAutoScalingScaleUpPolicy_1F3100WSAJD1J",
      "provider": "provider[\"registry.terraform.io/hashicorp/aws\"]",
      "instances": [
        {
          "schema_version": 0,
          "attributes": {
            "adjustment_type": "ChangeInCapacity",
            "arn": "arn:aws-us-gov:autoscaling:us-gov-west-1:050779347855:scalingPolicy:4379e626-64d8-4819-88bc-6cb6b15b5b1a:autoScalingGroupName/awseb-e-pcw37ypdme-stack-AWSEBAutoScalingGroup-165D32JDYUA6O:policyName/awseb-e-pcw37ypdme-stack-AWSEBAutoScalingScaleUpPolicy-1F3100WSAJD1J",
            "autoscaling_group_name": "awseb-e-pcw37ypdme-stack-AWSEBAutoScalingGroup-165D32JDYUA6O",
            "cooldown": 0,
            "enabled": true,
            "estimated_instance_warmup": 0,
            "id": "awseb-e-pcw37ypdme-stack-AWSEBAutoScalingScaleUpPolicy-1F3100WSAJD1J",
            "metric_aggregation_type": "",
            "min_adjustment_magnitude": 0,
            "name": "awseb-e-pcw37ypdme-stack-AWSEBAutoScalingScaleUpPolicy-1F3100WSAJD1J",
            "policy_type": "SimpleScaling",
            "predictive_scaling_configuration": [],
            "scaling_adjustment": 1,
            "step_adjustment": [],
            "target_tracking_configuration": []
          },
          "sensitive_attributes": []
        }
      ]
    },
    {
      "mode": "managed",
      "type": "aws_autoscaling_policy",
      "name": "awseb_e_rwv222b3qp_stack_AWSEBAutoScalingScaleDownPolicy_W7JR9Z2JAESZ",
      "provider": "provider[\"registry.terraform.io/hashicorp/aws\"]",
      "instances": [
        {
          "schema_version": 0,
          "attributes": {
            "adjustment_type": "ChangeInCapacity",
            "arn": "arn:aws-us-gov:autoscaling:us-gov-west-1:050779347855:scalingPolicy:83bb4ebb-8243-4496-9edd-5d21a0401459:autoScalingGroupName/awseb-e-rwv222b3qp-stack-AWSEBAutoScalingGroup-1MLNCOGIT8AIV:policyName/awseb-e-rwv222b3qp-stack-AWSEBAutoScalingScaleDownPolicy-W7JR9Z2JAESZ",
            "autoscaling_group_name": "awseb-e-rwv222b3qp-stack-AWSEBAutoScalingGroup-1MLNCOGIT8AIV",
            "cooldown": 0,
            "enabled": true,
            "estimated_instance_warmup": 0,
            "id": "awseb-e-rwv222b3qp-stack-AWSEBAutoScalingScaleDownPolicy-W7JR9Z2JAESZ",
            "metric_aggregation_type": "",
            "min_adjustment_magnitude": 0,
            "name": "awseb-e-rwv222b3qp-stack-AWSEBAutoScalingScaleDownPolicy-W7JR9Z2JAESZ",
            "policy_type": "SimpleScaling",
            "predictive_scaling_configuration": [],
            "scaling_adjustment": -1,
            "step_adjustment": [],
            "target_tracking_configuration": []
          },
          "sensitive_attributes": []
        }
      ]
    },
    {
      "mode": "managed",
      "type": "aws_autoscaling_policy",
      "name": "awseb_e_rwv222b3qp_stack_AWSEBAutoScalingScaleUpPolicy_RUQ4SK5DN42F",
      "provider": "provider[\"registry.terraform.io/hashicorp/aws\"]",
      "instances": [
        {
          "schema_version": 0,
          "attributes": {
            "adjustment_type": "ChangeInCapacity",
            "arn": "arn:aws-us-gov:autoscaling:us-gov-west-1:050779347855:scalingPolicy:e19d7015-1cb4-4c05-908e-c3587e78f740:autoScalingGroupName/awseb-e-rwv222b3qp-stack-AWSEBAutoScalingGroup-1MLNCOGIT8AIV:policyName/awseb-e-rwv222b3qp-stack-AWSEBAutoScalingScaleUpPolicy-RUQ4SK5DN42F",
            "autoscaling_group_name": "awseb-e-rwv222b3qp-stack-AWSEBAutoScalingGroup-1MLNCOGIT8AIV",
            "cooldown": 0,
            "enabled": true,
            "estimated_instance_warmup": 0,
            "id": "awseb-e-rwv222b3qp-stack-AWSEBAutoScalingScaleUpPolicy-RUQ4SK5DN42F",
            "metric_aggregation_type": "",
            "min_adjustment_magnitude": 0,
            "name": "awseb-e-rwv222b3qp-stack-AWSEBAutoScalingScaleUpPolicy-RUQ4SK5DN42F",
            "policy_type": "SimpleScaling",
            "predictive_scaling_configuration": [],
            "scaling_adjustment": 1,
            "step_adjustment": [],
            "target_tracking_configuration": []
          },
          "sensitive_attributes": []
        }
      ]
    },
    {
      "mode": "managed",
      "type": "aws_autoscaling_policy",
      "name": "awseb_e_tx62adwg2k_stack_AWSEBAutoScalingScaleDownPolicy_14XUDKZ14C737",
      "provider": "provider[\"registry.terraform.io/hashicorp/aws\"]",
      "instances": [
        {
          "schema_version": 0,
          "attributes": {
            "adjustment_type": "ChangeInCapacity",
            "arn": "arn:aws-us-gov:autoscaling:us-gov-west-1:050779347855:scalingPolicy:3a9cf105-8ac7-4fe1-b7d2-fef6cb24c186:autoScalingGroupName/awseb-e-tx62adwg2k-stack-AWSEBAutoScalingGroup-WZUPJM6LCB0K:policyName/awseb-e-tx62adwg2k-stack-AWSEBAutoScalingScaleDownPolicy-14XUDKZ14C737",
            "autoscaling_group_name": "awseb-e-tx62adwg2k-stack-AWSEBAutoScalingGroup-WZUPJM6LCB0K",
            "cooldown": 0,
            "enabled": true,
            "estimated_instance_warmup": 0,
            "id": "awseb-e-tx62adwg2k-stack-AWSEBAutoScalingScaleDownPolicy-14XUDKZ14C737",
            "metric_aggregation_type": "",
            "min_adjustment_magnitude": 0,
            "name": "awseb-e-tx62adwg2k-stack-AWSEBAutoScalingScaleDownPolicy-14XUDKZ14C737",
            "policy_type": "SimpleScaling",
            "predictive_scaling_configuration": [],
            "scaling_adjustment": -1,
            "step_adjustment": [],
            "target_tracking_configuration": []
          },
          "sensitive_attributes": []
        }
      ]
    },
    {
      "mode": "managed",
      "type": "aws_autoscaling_policy",
      "name": "awseb_e_tx62adwg2k_stack_AWSEBAutoScalingScaleUpPolicy_UCSEVJA3RP2B",
      "provider": "provider[\"registry.terraform.io/hashicorp/aws\"]",
      "instances": [
        {
          "schema_version": 0,
          "attributes": {
            "adjustment_type": "ChangeInCapacity",
            "arn": "arn:aws-us-gov:autoscaling:us-gov-west-1:050779347855:scalingPolicy:0ec621f5-3a1b-4e5c-839b-111c7d602ad0:autoScalingGroupName/awseb-e-tx62adwg2k-stack-AWSEBAutoScalingGroup-WZUPJM6LCB0K:policyName/awseb-e-tx62adwg2k-stack-AWSEBAutoScalingScaleUpPolicy-UCSEVJA3RP2B",
            "autoscaling_group_name": "awseb-e-tx62adwg2k-stack-AWSEBAutoScalingGroup-WZUPJM6LCB0K",
            "cooldown": 0,
            "enabled": true,
            "estimated_instance_warmup": 0,
            "id": "awseb-e-tx62adwg2k-stack-AWSEBAutoScalingScaleUpPolicy-UCSEVJA3RP2B",
            "metric_aggregation_type": "",
            "min_adjustment_magnitude": 0,
            "name": "awseb-e-tx62adwg2k-stack-AWSEBAutoScalingScaleUpPolicy-UCSEVJA3RP2B",
            "policy_type": "SimpleScaling",
            "predictive_scaling_configuration": [],
            "scaling_adjustment": 1,
            "step_adjustment": [],
            "target_tracking_configuration": []
          },
          "sensitive_attributes": []
        }
      ]
    },
    {
      "mode": "managed",
      "type": "aws_autoscaling_policy",
      "name": "awseb_e_xmec4epg3c_stack_AWSEBAutoScalingScaleDownPolicy_1QH9F26QZJ6KF",
      "provider": "provider[\"registry.terraform.io/hashicorp/aws\"]",
      "instances": [
        {
          "schema_version": 0,
          "attributes": {
            "adjustment_type": "ChangeInCapacity",
            "arn": "arn:aws-us-gov:autoscaling:us-gov-west-1:050779347855:scalingPolicy:394dd1c2-dca2-4441-82e3-352dc024eb4c:autoScalingGroupName/awseb-e-xmec4epg3c-stack-AWSEBAutoScalingGroup-UQ4ARCTDJ5PP:policyName/awseb-e-xmec4epg3c-stack-AWSEBAutoScalingScaleDownPolicy-1QH9F26QZJ6KF",
            "autoscaling_group_name": "awseb-e-xmec4epg3c-stack-AWSEBAutoScalingGroup-UQ4ARCTDJ5PP",
            "cooldown": 0,
            "enabled": true,
            "estimated_instance_warmup": 0,
            "id": "awseb-e-xmec4epg3c-stack-AWSEBAutoScalingScaleDownPolicy-1QH9F26QZJ6KF",
            "metric_aggregation_type": "",
            "min_adjustment_magnitude": 0,
            "name": "awseb-e-xmec4epg3c-stack-AWSEBAutoScalingScaleDownPolicy-1QH9F26QZJ6KF",
            "policy_type": "SimpleScaling",
            "predictive_scaling_configuration": [],
            "scaling_adjustment": -1,
            "step_adjustment": [],
            "target_tracking_configuration": []
          },
          "sensitive_attributes": []
        }
      ]
    },
    {
      "mode": "managed",
      "type": "aws_autoscaling_policy",
      "name": "awseb_e_xmec4epg3c_stack_AWSEBAutoScalingScaleUpPolicy_WV6S313MW3OL",
      "provider": "provider[\"registry.terraform.io/hashicorp/aws\"]",
      "instances": [
        {
          "schema_version": 0,
          "attributes": {
            "adjustment_type": "ChangeInCapacity",
            "arn": "arn:aws-us-gov:autoscaling:us-gov-west-1:050779347855:scalingPolicy:8f9dd026-8c5e-4109-985e-ceee7c3b8043:autoScalingGroupName/awseb-e-xmec4epg3c-stack-AWSEBAutoScalingGroup-UQ4ARCTDJ5PP:policyName/awseb-e-xmec4epg3c-stack-AWSEBAutoScalingScaleUpPolicy-WV6S313MW3OL",
            "autoscaling_group_name": "awseb-e-xmec4epg3c-stack-AWSEBAutoScalingGroup-UQ4ARCTDJ5PP",
            "cooldown": 0,
            "enabled": true,
            "estimated_instance_warmup": 0,
            "id": "awseb-e-xmec4epg3c-stack-AWSEBAutoScalingScaleUpPolicy-WV6S313MW3OL",
            "metric_aggregation_type": "",
            "min_adjustment_magnitude": 0,
            "name": "awseb-e-xmec4epg3c-stack-AWSEBAutoScalingScaleUpPolicy-WV6S313MW3OL",
            "policy_type": "SimpleScaling",
            "predictive_scaling_configuration": [],
            "scaling_adjustment": 1,
            "step_adjustment": [],
            "target_tracking_configuration": []
          },
          "sensitive_attributes": []
        }
      ]
    },
    {
      "mode": "managed",
      "type": "aws_autoscaling_policy",
      "name": "awseb_e_yd9s5vvfgp_stack_AWSEBAutoScalingScaleDownPolicy_1MIYTUR4DQXEO",
      "provider": "provider[\"registry.terraform.io/hashicorp/aws\"]",
      "instances": [
        {
          "schema_version": 0,
          "attributes": {
            "adjustment_type": "ChangeInCapacity",
            "arn": "arn:aws-us-gov:autoscaling:us-gov-west-1:050779347855:scalingPolicy:64795aed-584e-4eb8-ab1e-cfe0c3666cf3:autoScalingGroupName/awseb-e-yd9s5vvfgp-stack-AWSEBAutoScalingGroup-NT4M6B5ZTDEQ:policyName/awseb-e-yd9s5vvfgp-stack-AWSEBAutoScalingScaleDownPolicy-1MIYTUR4DQXEO",
            "autoscaling_group_name": "awseb-e-yd9s5vvfgp-stack-AWSEBAutoScalingGroup-NT4M6B5ZTDEQ",
            "cooldown": 0,
            "enabled": true,
            "estimated_instance_warmup": 0,
            "id": "awseb-e-yd9s5vvfgp-stack-AWSEBAutoScalingScaleDownPolicy-1MIYTUR4DQXEO",
            "metric_aggregation_type": "",
            "min_adjustment_magnitude": 0,
            "name": "awseb-e-yd9s5vvfgp-stack-AWSEBAutoScalingScaleDownPolicy-1MIYTUR4DQXEO",
            "policy_type": "SimpleScaling",
            "predictive_scaling_configuration": [],
            "scaling_adjustment": -1,
            "step_adjustment": [],
            "target_tracking_configuration": []
          },
          "sensitive_attributes": []
        }
      ]
    },
    {
      "mode": "managed",
      "type": "aws_autoscaling_policy",
      "name": "awseb_e_yd9s5vvfgp_stack_AWSEBAutoScalingScaleUpPolicy_1HITXBUOH6F61",
      "provider": "provider[\"registry.terraform.io/hashicorp/aws\"]",
      "instances": [
        {
          "schema_version": 0,
          "attributes": {
            "adjustment_type": "ChangeInCapacity",
            "arn": "arn:aws-us-gov:autoscaling:us-gov-west-1:050779347855:scalingPolicy:15304ba9-1195-4a44-ac9a-e11f2a4a66bc:autoScalingGroupName/awseb-e-yd9s5vvfgp-stack-AWSEBAutoScalingGroup-NT4M6B5ZTDEQ:policyName/awseb-e-yd9s5vvfgp-stack-AWSEBAutoScalingScaleUpPolicy-1HITXBUOH6F61",
            "autoscaling_group_name": "awseb-e-yd9s5vvfgp-stack-AWSEBAutoScalingGroup-NT4M6B5ZTDEQ",
            "cooldown": 0,
            "enabled": true,
            "estimated_instance_warmup": 0,
            "id": "awseb-e-yd9s5vvfgp-stack-AWSEBAutoScalingScaleUpPolicy-1HITXBUOH6F61",
            "metric_aggregation_type": "",
            "min_adjustment_magnitude": 0,
            "name": "awseb-e-yd9s5vvfgp-stack-AWSEBAutoScalingScaleUpPolicy-1HITXBUOH6F61",
            "policy_type": "SimpleScaling",
            "predictive_scaling_configuration": [],
            "scaling_adjustment": 1,
            "step_adjustment": [],
            "target_tracking_configuration": []
          },
          "sensitive_attributes": []
        }
      ]
    },
    {
      "mode": "managed",
      "type": "aws_launch_configuration",
      "name": "awseb_e_32xzmdus8p_stack_AWSEBAutoScalingLaunchConfiguration_AIUVRKAPP9Z2",
      "provider": "provider[\"registry.terraform.io/hashicorp/aws\"]",
      "instances": [
        {
          "schema_version": 0,
          "attributes": {
            "arn": "arn:aws-us-gov:autoscaling:us-gov-west-1:050779347855:launchConfiguration:e689d16b-853d-41d9-9b9e-ae764972407a:launchConfigurationName/awseb-e-32xzmdus8p-stack-AWSEBAutoScalingLaunchConfiguration-AIUVRKAPP9Z2",
            "associate_public_ip_address": false,
            "ebs_block_device": [],
            "ebs_optimized": false,
            "enable_monitoring": false,
            "ephemeral_block_device": [],
            "iam_instance_profile": "services-gateway",
            "id": "awseb-e-32xzmdus8p-stack-AWSEBAutoScalingLaunchConfiguration-AIUVRKAPP9Z2",
            "image_id": "ami-0b733a9711d3a42c5",
            "instance_type": "t3.small",
            "key_name": "",
            "metadata_options": [],
            "name": "awseb-e-32xzmdus8p-stack-AWSEBAutoScalingLaunchConfiguration-AIUVRKAPP9Z2",
            "name_prefix": "",
            "placement_tenancy": "",
            "root_block_device": [],
            "security_groups": [
              "sg-0961642367dac1a13"
            ],
            "spot_price": "",
            "user_data": "88a918ee5293f61fbfd7765143aba28b5ef5d755",
            "user_data_base64": null,
            "vpc_classic_link_id": "",
            "vpc_classic_link_security_groups": []
          },
          "sensitive_attributes": []
        }
      ]
    },
    {
      "mode": "managed",
      "type": "aws_launch_configuration",
      "name": "awseb_e_3evreti3za_stack_AWSEBAutoScalingLaunchConfiguration_1IZMOD8GEXDFX",
      "provider": "provider[\"registry.terraform.io/hashicorp/aws\"]",
      "instances": [
        {
          "schema_version": 0,
          "attributes": {
            "arn": "arn:aws-us-gov:autoscaling:us-gov-west-1:050779347855:launchConfiguration:94348f20-b0ed-49ec-bd9a-33bdbb751c1b:launchConfigurationName/awseb-e-3evreti3za-stack-AWSEBAutoScalingLaunchConfiguration-1IZMOD8GEXDFX",
            "associate_public_ip_address": false,
            "ebs_block_device": [],
            "ebs_optimized": false,
            "enable_monitoring": false,
            "ephemeral_block_device": [],
            "iam_instance_profile": "web-app-collaboration-person-service",
            "id": "awseb-e-3evreti3za-stack-AWSEBAutoScalingLaunchConfiguration-1IZMOD8GEXDFX",
            "image_id": "ami-09d86c60c28509810",
            "instance_type": "t2.micro",
            "key_name": "",
            "metadata_options": [],
            "name": "awseb-e-3evreti3za-stack-AWSEBAutoScalingLaunchConfiguration-1IZMOD8GEXDFX",
            "name_prefix": "",
            "placement_tenancy": "",
            "root_block_device": [],
            "security_groups": [
              "sg-0c57e293d12c4ba08"
            ],
            "spot_price": "",
            "user_data": "311ab1837567386ecbb1d51546ccac62b5e36445",
            "user_data_base64": null,
            "vpc_classic_link_id": "",
            "vpc_classic_link_security_groups": []
          },
          "sensitive_attributes": []
        }
      ]
    },
    {
      "mode": "managed",
      "type": "aws_launch_configuration",
      "name": "awseb_e_59p3bpnwec_stack_AWSEBAutoScalingLaunchConfiguration_6EI6C0VEZV2D",
      "provider": "provider[\"registry.terraform.io/hashicorp/aws\"]",
      "instances": [
        {
          "schema_version": 0,
          "attributes": {
            "arn": "arn:aws-us-gov:autoscaling:us-gov-west-1:050779347855:launchConfiguration:7dff0892-2808-4163-97c4-166ad9f1e6f9:launchConfigurationName/awseb-e-59p3bpnwec-stack-AWSEBAutoScalingLaunchConfiguration-6EI6C0VEZV2D",
            "associate_public_ip_address": false,
            "ebs_block_device": [],
            "ebs_optimized": false,
            "enable_monitoring": false,
            "ephemeral_block_device": [],
            "iam_instance_profile": "web-app-gateway",
            "id": "awseb-e-59p3bpnwec-stack-AWSEBAutoScalingLaunchConfiguration-6EI6C0VEZV2D",
            "image_id": "ami-09d86c60c28509810",
            "instance_type": "t2.small",
            "key_name": "",
            "metadata_options": [],
            "name": "awseb-e-59p3bpnwec-stack-AWSEBAutoScalingLaunchConfiguration-6EI6C0VEZV2D",
            "name_prefix": "",
            "placement_tenancy": "",
            "root_block_device": [],
            "security_groups": [
              "sg-0f5539d3e349bae63"
            ],
            "spot_price": "",
            "user_data": "84f070ebb405c7472a47758d594cecefb95b0851",
            "user_data_base64": null,
            "vpc_classic_link_id": "",
            "vpc_classic_link_security_groups": []
          },
          "sensitive_attributes": []
        }
      ]
    },
    {
      "mode": "managed",
      "type": "aws_launch_configuration",
      "name": "awseb_e_bmqqxwyjst_stack_AWSEBAutoScalingLaunchConfiguration_1LHMXIJ3683Z9",
      "provider": "provider[\"registry.terraform.io/hashicorp/aws\"]",
      "instances": [
        {
          "schema_version": 0,
          "attributes": {
            "arn": "arn:aws-us-gov:autoscaling:us-gov-west-1:050779347855:launchConfiguration:88f5aed8-0cda-48d7-be5d-8befdfd101c9:launchConfigurationName/awseb-e-bmqqxwyjst-stack-AWSEBAutoScalingLaunchConfiguration-1LHMXIJ3683Z9",
            "associate_public_ip_address": false,
            "ebs_block_device": [],
            "ebs_optimized": false,
            "enable_monitoring": false,
            "ephemeral_block_device": [],
            "iam_instance_profile": "web-app-form-service",
            "id": "awseb-e-bmqqxwyjst-stack-AWSEBAutoScalingLaunchConfiguration-1LHMXIJ3683Z9",
            "image_id": "ami-09d86c60c28509810",
            "instance_type": "t2.micro",
            "key_name": "",
            "metadata_options": [],
            "name": "awseb-e-bmqqxwyjst-stack-AWSEBAutoScalingLaunchConfiguration-1LHMXIJ3683Z9",
            "name_prefix": "",
            "placement_tenancy": "",
            "root_block_device": [],
            "security_groups": [
              "sg-091b35fd5feaac3d0"
            ],
            "spot_price": "",
            "user_data": "25a5b860c95a87d7f4aae37767cf386c26a5d6fa",
            "user_data_base64": null,
            "vpc_classic_link_id": "",
            "vpc_classic_link_security_groups": []
          },
          "sensitive_attributes": []
        }
      ]
    },
    {
      "mode": "managed",
      "type": "aws_launch_configuration",
      "name": "awseb_e_bner7vhrif_stack_AWSEBAutoScalingLaunchConfiguration_VKFYC1C3V9J0",
      "provider": "provider[\"registry.terraform.io/hashicorp/aws\"]",
      "instances": [
        {
          "schema_version": 0,
          "attributes": {
            "arn": "arn:aws-us-gov:autoscaling:us-gov-west-1:050779347855:launchConfiguration:7adf7e2a-ed87-4994-8ad6-9fb3a62424b9:launchConfigurationName/awseb-e-bner7vhrif-stack-AWSEBAutoScalingLaunchConfiguration-VKFYC1C3V9J0",
            "associate_public_ip_address": false,
            "ebs_block_device": [],
            "ebs_optimized": false,
            "enable_monitoring": false,
            "ephemeral_block_device": [],
            "iam_instance_profile": "web-app-gateway",
            "id": "awseb-e-bner7vhrif-stack-AWSEBAutoScalingLaunchConfiguration-VKFYC1C3V9J0",
            "image_id": "ami-0a4f692219167e96a",
            "instance_type": "t2.small",
            "key_name": "",
            "metadata_options": [],
            "name": "awseb-e-bner7vhrif-stack-AWSEBAutoScalingLaunchConfiguration-VKFYC1C3V9J0",
            "name_prefix": "",
            "placement_tenancy": "",
            "root_block_device": [],
            "security_groups": [
              "sg-0a3723815add710c0"
            ],
            "spot_price": "",
            "user_data": "6a120d438bca04a7138ecba60aff512867afb73f",
            "user_data_base64": null,
            "vpc_classic_link_id": "",
            "vpc_classic_link_security_groups": []
          },
          "sensitive_attributes": []
        }
      ]
    },
    {
      "mode": "managed",
      "type": "aws_launch_configuration",
      "name": "awseb_e_fbj96npvkw_stack_AWSEBAutoScalingLaunchConfiguration_NTZB83ZL82PC",
      "provider": "provider[\"registry.terraform.io/hashicorp/aws\"]",
      "instances": [
        {
          "schema_version": 0,
          "attributes": {
            "arn": "arn:aws-us-gov:autoscaling:us-gov-west-1:050779347855:launchConfiguration:bdc9b07d-2362-48a3-92c3-0970fe715297:launchConfigurationName/awseb-e-fbj96npvkw-stack-AWSEBAutoScalingLaunchConfiguration-NTZB83ZL82PC",
            "associate_public_ip_address": false,
            "ebs_block_device": [],
            "ebs_optimized": false,
            "enable_monitoring": false,
            "ephemeral_block_device": [],
            "iam_instance_profile": "web-app-identity-service",
            "id": "awseb-e-fbj96npvkw-stack-AWSEBAutoScalingLaunchConfiguration-NTZB83ZL82PC",
            "image_id": "ami-052e897b5512ff945",
            "instance_type": "t2.small",
            "key_name": "",
            "metadata_options": [],
            "name": "awseb-e-fbj96npvkw-stack-AWSEBAutoScalingLaunchConfiguration-NTZB83ZL82PC",
            "name_prefix": "",
            "placement_tenancy": "",
            "root_block_device": [],
            "security_groups": [
              "sg-034a6ff43d0aa2770"
            ],
            "spot_price": "",
            "user_data": "444538a5324cafef2e72e74a1510569cb305ed4b",
            "user_data_base64": null,
            "vpc_classic_link_id": "",
            "vpc_classic_link_security_groups": []
          },
          "sensitive_attributes": []
        }
      ]
    },
    {
      "mode": "managed",
      "type": "aws_launch_configuration",
      "name": "awseb_e_fmzgrfkcqp_stack_AWSEBAutoScalingLaunchConfiguration_1LOGBY1QQR689",
      "provider": "provider[\"registry.terraform.io/hashicorp/aws\"]",
      "instances": [
        {
          "schema_version": 0,
          "attributes": {
            "arn": "arn:aws-us-gov:autoscaling:us-gov-west-1:050779347855:launchConfiguration:5e40004b-c5cf-4c65-97f0-aced859134e3:launchConfigurationName/awseb-e-fmzgrfkcqp-stack-AWSEBAutoScalingLaunchConfiguration-1LOGBY1QQR689",
            "associate_public_ip_address": false,
            "ebs_block_device": [],
            "ebs_optimized": false,
            "enable_monitoring": false,
            "ephemeral_block_device": [],
            "iam_instance_profile": "web-app-book-service",
            "id": "awseb-e-fmzgrfkcqp-stack-AWSEBAutoScalingLaunchConfiguration-1LOGBY1QQR689",
            "image_id": "ami-0a4f692219167e96a",
            "instance_type": "t2.small",
            "key_name": "",
            "metadata_options": [],
            "name": "awseb-e-fmzgrfkcqp-stack-AWSEBAutoScalingLaunchConfiguration-1LOGBY1QQR689",
            "name_prefix": "",
            "placement_tenancy": "",
            "root_block_device": [],
            "security_groups": [
              "sg-0d799b653c4043218"
            ],
            "spot_price": "",
            "user_data": "6d36cd5748689fd6f5ef22287939a5cc48e567d6",
            "user_data_base64": null,
            "vpc_classic_link_id": "",
            "vpc_classic_link_security_groups": []
          },
          "sensitive_attributes": []
        }
      ]
    },
    {
      "mode": "managed",
      "type": "aws_launch_configuration",
      "name": "awseb_e_jgrjparfpf_stack_AWSEBAutoScalingLaunchConfiguration_10ABAES14Y4Q8",
      "provider": "provider[\"registry.terraform.io/hashicorp/aws\"]",
      "instances": [
        {
          "schema_version": 0,
          "attributes": {
            "arn": "arn:aws-us-gov:autoscaling:us-gov-west-1:050779347855:launchConfiguration:e52f741f-1eb1-497d-92db-17a756bdf302:launchConfigurationName/awseb-e-jgrjparfpf-stack-AWSEBAutoScalingLaunchConfiguration-10ABAES14Y4Q8",
            "associate_public_ip_address": false,
            "ebs_block_device": [],
            "ebs_optimized": false,
            "enable_monitoring": false,
            "ephemeral_block_device": [],
            "iam_instance_profile": "web-app-dbt-clinician-web",
            "id": "awseb-e-jgrjparfpf-stack-AWSEBAutoScalingLaunchConfiguration-10ABAES14Y4Q8",
            "image_id": "ami-0c2b4a8cef8b7b238",
            "instance_type": "t2.micro",
            "key_name": "",
            "metadata_options": [],
            "name": "awseb-e-jgrjparfpf-stack-AWSEBAutoScalingLaunchConfiguration-10ABAES14Y4Q8",
            "name_prefix": "",
            "placement_tenancy": "",
            "root_block_device": [],
            "security_groups": [
              "sg-0296b2368533e84a8"
            ],
            "spot_price": "",
            "user_data": "99a9cd2289d072f57f6093c080ef459d4410722d",
            "user_data_base64": null,
            "vpc_classic_link_id": "",
            "vpc_classic_link_security_groups": []
          },
          "sensitive_attributes": []
        }
      ]
    },
    {
      "mode": "managed",
      "type": "aws_launch_configuration",
      "name": "awseb_e_jhagz8maay_stack_AWSEBAutoScalingLaunchConfiguration_1OQZV51LE4R45",
      "provider": "provider[\"registry.terraform.io/hashicorp/aws\"]",
      "instances": [
        {
          "schema_version": 0,
          "attributes": {
            "arn": "arn:aws-us-gov:autoscaling:us-gov-west-1:050779347855:launchConfiguration:d588487a-3d6a-4f8e-b281-16cfec098993:launchConfigurationName/awseb-e-jhagz8maay-stack-AWSEBAutoScalingLaunchConfiguration-1OQZV51LE4R45",
            "associate_public_ip_address": false,
            "ebs_block_device": [],
            "ebs_optimized": false,
            "enable_monitoring": false,
            "ephemeral_block_device": [],
            "iam_instance_profile": "web-app-market-service",
            "id": "awseb-e-jhagz8maay-stack-AWSEBAutoScalingLaunchConfiguration-1OQZV51LE4R45",
            "image_id": "ami-0524526c08d7abd4d",
            "instance_type": "t3.medium",
            "key_name": "",
            "metadata_options": [],
            "name": "awseb-e-jhagz8maay-stack-AWSEBAutoScalingLaunchConfiguration-1OQZV51LE4R45",
            "name_prefix": "",
            "placement_tenancy": "",
            "root_block_device": [],
            "security_groups": [
              "sg-026b3cb094746c939"
            ],
            "spot_price": "",
            "user_data": "f2829d95d23d3bd0956bcd88b34b0737ec384ac8",
            "user_data_base64": null,
            "vpc_classic_link_id": "",
            "vpc_classic_link_security_groups": []
          },
          "sensitive_attributes": []
        }
      ]
    },
    {
      "mode": "managed",
      "type": "aws_launch_configuration",
      "name": "awseb_e_p6bifdmp7h_stack_AWSEBAutoScalingLaunchConfiguration_5ZGXBP8856K5",
      "provider": "provider[\"registry.terraform.io/hashicorp/aws\"]",
      "instances": [
        {
          "schema_version": 0,
          "attributes": {
            "arn": "arn:aws-us-gov:autoscaling:us-gov-west-1:050779347855:launchConfiguration:bb36e902-29ec-4924-a81d-4a9f7527dafb:launchConfigurationName/awseb-e-p6bifdmp7h-stack-AWSEBAutoScalingLaunchConfiguration-5ZGXBP8856K5",
            "associate_public_ip_address": false,
            "ebs_block_device": [],
            "ebs_optimized": false,
            "enable_monitoring": false,
            "ephemeral_block_device": [],
            "iam_instance_profile": "web-app-gateway",
            "id": "awseb-e-p6bifdmp7h-stack-AWSEBAutoScalingLaunchConfiguration-5ZGXBP8856K5",
            "image_id": "ami-0a4f692219167e96a",
            "instance_type": "t2.small",
            "key_name": "",
            "metadata_options": [],
            "name": "awseb-e-p6bifdmp7h-stack-AWSEBAutoScalingLaunchConfiguration-5ZGXBP8856K5",
            "name_prefix": "",
            "placement_tenancy": "",
            "root_block_device": [],
            "security_groups": [
              "sg-08a68e02fea2591df"
            ],
            "spot_price": "",
            "user_data": "5b5170924413b93785bd172e139f331f2221d3c4",
            "user_data_base64": null,
            "vpc_classic_link_id": "",
            "vpc_classic_link_security_groups": []
          },
          "sensitive_attributes": []
        }
      ]
    },
    {
      "mode": "managed",
      "type": "aws_launch_configuration",
      "name": "awseb_e_pcw37ypdme_stack_AWSEBAutoScalingLaunchConfiguration_AWZ4IZZYEOO5",
      "provider": "provider[\"registry.terraform.io/hashicorp/aws\"]",
      "instances": [
        {
          "schema_version": 0,
          "attributes": {
            "arn": "arn:aws-us-gov:autoscaling:us-gov-west-1:050779347855:launchConfiguration:e959d15b-310f-49ae-aba1-f630f0c99b42:launchConfigurationName/awseb-e-pcw37ypdme-stack-AWSEBAutoScalingLaunchConfiguration-AWZ4IZZYEOO5",
            "associate_public_ip_address": false,
            "ebs_block_device": [],
            "ebs_optimized": false,
            "enable_monitoring": false,
            "ephemeral_block_device": [],
            "iam_instance_profile": "web-app-mobile-client-gateway",
            "id": "awseb-e-pcw37ypdme-stack-AWSEBAutoScalingLaunchConfiguration-AWZ4IZZYEOO5",
            "image_id": "ami-052e897b5512ff945",
            "instance_type": "t3.small",
            "key_name": "",
            "metadata_options": [],
            "name": "awseb-e-pcw37ypdme-stack-AWSEBAutoScalingLaunchConfiguration-AWZ4IZZYEOO5",
            "name_prefix": "",
            "placement_tenancy": "",
            "root_block_device": [],
            "security_groups": [
              "sg-00a3f418f039eac2a"
            ],
            "spot_price": "",
            "user_data": "6431ee8cb5ed87c8e1d78ea4e92b3239926e8fe9",
            "user_data_base64": null,
            "vpc_classic_link_id": "",
            "vpc_classic_link_security_groups": []
          },
          "sensitive_attributes": []
        }
      ]
    },
    {
      "mode": "managed",
      "type": "aws_launch_configuration",
      "name": "awseb_e_rwv222b3qp_stack_AWSEBAutoScalingLaunchConfiguration_13YMWW55SCEEW",
      "provider": "provider[\"registry.terraform.io/hashicorp/aws\"]",
      "instances": [
        {
          "schema_version": 0,
          "attributes": {
            "arn": "arn:aws-us-gov:autoscaling:us-gov-west-1:050779347855:launchConfiguration:c064c3a6-1842-41f8-9e2d-296a3903d62d:launchConfigurationName/awseb-e-rwv222b3qp-stack-AWSEBAutoScalingLaunchConfiguration-13YMWW55SCEEW",
            "associate_public_ip_address": false,
            "ebs_block_device": [],
            "ebs_optimized": false,
            "enable_monitoring": false,
            "ephemeral_block_device": [],
            "iam_instance_profile": "web-app-gateway",
            "id": "awseb-e-rwv222b3qp-stack-AWSEBAutoScalingLaunchConfiguration-13YMWW55SCEEW",
            "image_id": "ami-019e0b5a23a843984",
            "instance_type": "t2.small",
            "key_name": "",
            "metadata_options": [],
            "name": "awseb-e-rwv222b3qp-stack-AWSEBAutoScalingLaunchConfiguration-13YMWW55SCEEW",
            "name_prefix": "",
            "placement_tenancy": "",
            "root_block_device": [],
            "security_groups": [
              "sg-0615d31b0d6d092d3"
            ],
            "spot_price": "",
            "user_data": "2a8f3116cb4bf1176ed38a7c9b5dce1d9976cc4a",
            "user_data_base64": null,
            "vpc_classic_link_id": "",
            "vpc_classic_link_security_groups": []
          },
          "sensitive_attributes": []
        }
      ]
    },
    {
      "mode": "managed",
      "type": "aws_launch_configuration",
      "name": "awseb_e_tx62adwg2k_stack_AWSEBAutoScalingLaunchConfiguration_KWTPTGQG6K0F",
      "provider": "provider[\"registry.terraform.io/hashicorp/aws\"]",
      "instances": [
        {
          "schema_version": 0,
          "attributes": {
            "arn": "arn:aws-us-gov:autoscaling:us-gov-west-1:050779347855:launchConfiguration:64b4d52e-f2ab-4060-a70b-39a25aa788bc:launchConfigurationName/awseb-e-tx62adwg2k-stack-AWSEBAutoScalingLaunchConfiguration-KWTPTGQG6K0F",
            "associate_public_ip_address": false,
            "ebs_block_device": [],
            "ebs_optimized": false,
            "enable_monitoring": false,
            "ephemeral_block_device": [],
            "iam_instance_profile": "web-app-identity-service",
            "id": "awseb-e-tx62adwg2k-stack-AWSEBAutoScalingLaunchConfiguration-KWTPTGQG6K0F",
            "image_id": "ami-052e897b5512ff945",
            "instance_type": "t2.small",
            "key_name": "",
            "metadata_options": [],
            "name": "awseb-e-tx62adwg2k-stack-AWSEBAutoScalingLaunchConfiguration-KWTPTGQG6K0F",
            "name_prefix": "",
            "placement_tenancy": "",
            "root_block_device": [],
            "security_groups": [
              "sg-0abf393744a38edb1"
            ],
            "spot_price": "",
            "user_data": "9febd94e763a2f3f248e93c92f73fbeed495b6cc",
            "user_data_base64": null,
            "vpc_classic_link_id": "",
            "vpc_classic_link_security_groups": []
          },
          "sensitive_attributes": []
        }
      ]
    },
    {
      "mode": "managed",
      "type": "aws_launch_configuration",
      "name": "awseb_e_xmec4epg3c_stack_AWSEBAutoScalingLaunchConfiguration_12887VXT6TVNY",
      "provider": "provider[\"registry.terraform.io/hashicorp/aws\"]",
      "instances": [
        {
          "schema_version": 0,
          "attributes": {
            "arn": "arn:aws-us-gov:autoscaling:us-gov-west-1:050779347855:launchConfiguration:0aa733d5-ffb5-4ed3-9ee0-7714082b6aad:launchConfigurationName/awseb-e-xmec4epg3c-stack-AWSEBAutoScalingLaunchConfiguration-12887VXT6TVNY",
            "associate_public_ip_address": false,
            "ebs_block_device": [],
            "ebs_optimized": false,
            "enable_monitoring": false,
            "ephemeral_block_device": [],
            "iam_instance_profile": "web-app-book-service",
            "id": "awseb-e-xmec4epg3c-stack-AWSEBAutoScalingLaunchConfiguration-12887VXT6TVNY",
            "image_id": "ami-09d86c60c28509810",
            "instance_type": "t2.small",
            "key_name": "",
            "metadata_options": [],
            "name": "awseb-e-xmec4epg3c-stack-AWSEBAutoScalingLaunchConfiguration-12887VXT6TVNY",
            "name_prefix": "",
            "placement_tenancy": "",
            "root_block_device": [],
            "security_groups": [
              "sg-00980b7da446e1fe7"
            ],
            "spot_price": "",
            "user_data": "5e748142e25852c0d4983c9ea0b185c0829747b0",
            "user_data_base64": null,
            "vpc_classic_link_id": "",
            "vpc_classic_link_security_groups": []
          },
          "sensitive_attributes": []
        }
      ]
    },
    {
      "mode": "managed",
      "type": "aws_launch_configuration",
      "name": "awseb_e_yd9s5vvfgp_stack_AWSEBAutoScalingLaunchConfiguration_1F9EQPL9CPU5J",
      "provider": "provider[\"registry.terraform.io/hashicorp/aws\"]",
      "instances": [
        {
          "schema_version": 0,
          "attributes": {
            "arn": "arn:aws-us-gov:autoscaling:us-gov-west-1:050779347855:launchConfiguration:71885b79-9798-4c11-bee3-85d49834d08b:launchConfigurationName/awseb-e-yd9s5vvfgp-stack-AWSEBAutoScalingLaunchConfiguration-1F9EQPL9CPU5J",
            "associate_public_ip_address": false,
            "ebs_block_device": [],
            "ebs_optimized": false,
            "enable_monitoring": false,
            "ephemeral_block_device": [],
            "iam_instance_profile": "internal-services-gateway",
            "id": "awseb-e-yd9s5vvfgp-stack-AWSEBAutoScalingLaunchConfiguration-1F9EQPL9CPU5J",
            "image_id": "ami-0b733a9711d3a42c5",
            "instance_type": "t3.small",
            "key_name": "",
            "metadata_options": [],
            "name": "awseb-e-yd9s5vvfgp-stack-AWSEBAutoScalingLaunchConfiguration-1F9EQPL9CPU5J",
            "name_prefix": "",
            "placement_tenancy": "",
            "root_block_device": [],
            "security_groups": [
              "sg-0c1125388a56a7f34"
            ],
            "spot_price": "",
            "user_data": "0c8b15d3d4f86cf21e3e1257bd0edc0e4ef183c5",
            "user_data_base64": null,
            "vpc_classic_link_id": "",
            "vpc_classic_link_security_groups": []
          },
          "sensitive_attributes": []
        }
      ]
    },
    {
      "mode": "managed",
      "type": "aws_launch_configuration",
      "name": "ecs_production_gov_v02_LaunchConfigurationCapacity_IEGO64TA1MZ",
      "provider": "provider[\"registry.terraform.io/hashicorp/aws\"]",
      "instances": [
        {
          "schema_version": 0,
          "attributes": {
            "arn": "arn:aws-us-gov:autoscaling:us-gov-west-1:050779347855:launchConfiguration:bbedb5c8-3f4d-481e-98b2-d071db6cdb78:launchConfigurationName/ecs-production-gov-v02-LaunchConfigurationCapacity-IEGO64TA1MZ",
            "associate_public_ip_address": false,
            "ebs_block_device": [],
            "ebs_optimized": true,
            "enable_monitoring": true,
            "ephemeral_block_device": [],
            "iam_instance_profile": "ecsInstanceRole",
            "id": "ecs-production-gov-v02-LaunchConfigurationCapacity-IEGO64TA1MZ",
            "image_id": "ami-05f55cc2c21fe5898",
            "instance_type": "t3a.xlarge",
            "key_name": "allogy-2014-10-02",
            "metadata_options": [],
            "name": "ecs-production-gov-v02-LaunchConfigurationCapacity-IEGO64TA1MZ",
            "name_prefix": "",
            "placement_tenancy": "",
            "root_block_device": [],
            "security_groups": [
              "sg-096a6ba8268eef3f6"
            ],
            "spot_price": "",
            "user_data": "b8fec361465771675d2576153ef2e973c42dd302",
            "user_data_base64": null,
            "vpc_classic_link_id": "",
            "vpc_classic_link_security_groups": []
          },
          "sensitive_attributes": []
        }
      ]
    },
    {
      "mode": "managed",
      "type": "aws_launch_configuration",
      "name": "ecs_production_gov_v02_LaunchConfigurationExactlyOnePerAZ_1XQRH2DSGN1SH",
      "provider": "provider[\"registry.terraform.io/hashicorp/aws\"]",
      "instances": [
        {
          "schema_version": 0,
          "attributes": {
            "arn": "arn:aws-us-gov:autoscaling:us-gov-west-1:050779347855:launchConfiguration:4e44dbf7-47f1-4469-82e5-29af1a4d832b:launchConfigurationName/ecs-production-gov-v02-LaunchConfigurationExactlyOnePerAZ-1XQRH2DSGN1SH",
            "associate_public_ip_address": false,
            "ebs_block_device": [],
            "ebs_optimized": true,
            "enable_monitoring": true,
            "ephemeral_block_device": [],
            "iam_instance_profile": "ecsInstanceRole",
            "id": "ecs-production-gov-v02-LaunchConfigurationExactlyOnePerAZ-1XQRH2DSGN1SH",
            "image_id": "ami-05f55cc2c21fe5898",
            "instance_type": "m5.xlarge",
            "key_name": "allogy-2014-10-02",
            "metadata_options": [],
            "name": "ecs-production-gov-v02-LaunchConfigurationExactlyOnePerAZ-1XQRH2DSGN1SH",
            "name_prefix": "",
            "placement_tenancy": "",
            "root_block_device": [],
            "security_groups": [
              "sg-096a6ba8268eef3f6"
            ],
            "spot_price": "",
            "user_data": "89668daab6c784a13332e66a33800e787ae8a395",
            "user_data_base64": null,
            "vpc_classic_link_id": "",
            "vpc_classic_link_security_groups": []
          },
          "sensitive_attributes": []
        }
      ]
    }
  ],
  "check_results": null
}
