{
  "version": 4,
  "terraform_version": "1.3.6",
  "serial": 2,
  "lineage": "",
  "outputs": {},
  "resources": [
    {
      "mode": "managed",
      "type": "aws_s3_bucket",
      "name": "allogy_gov_bundles",
      "provider": "provider[\"registry.terraform.io/hashicorp/aws\"]",
      "instances": [
        {
          "schema_version": 0,
          "attributes": {
            "acceleration_status": null,
            "acl": null,
            "arn": "arn:aws-us-gov:s3:::allogy-gov-bundles",
            "bucket": "allogy-gov-bundles",
            "bucket_domain_name": "allogy-gov-bundles.s3.amazonaws.com",
            "bucket_prefix": "",
            "bucket_regional_domain_name": "allogy-gov-bundles.s3.us-gov-west-1.amazonaws.com",
            "cors_rule": [],
            "force_destroy": null,
            "grant": [
              {
                "id": "f679232f4e244ced0a2163c17193f4dbc89477905331fa2752f722c71ca25b06",
                "permissions": [
                  "FULL_CONTROL"
                ],
                "type": "CanonicalUser",
                "uri": ""
              }
            ],
            "hosted_zone_id": "Z31GFT0UA1I2HV",
            "id": "allogy-gov-bundles",
            "lifecycle_rule": [],
            "logging": [],
            "object_lock_configuration": [],
            "object_lock_enabled": false,
            "policy": "{\"Id\":\"http referer policy learning cloudfront\",\"Statement\":[{\"Action\":[\"s3:GetObject\",\"s3:GetObjectVersion\"],\"Condition\":{\"StringLike\":{\"aws:Referer\":\"pZx98hbtZcxk7EuKFEbj4Z3ox9BjebVwiFdPt2bZAWFVDJeGoF\"}},\"Effect\":\"Allow\",\"Principal\":\"*\",\"Resource\":\"arn:aws-us-gov:s3:::allogy-gov-bundles/*\",\"Sid\":\"Allow get requests originating from cloudfront.\"}],\"Version\":\"2012-10-17\"}",
            "region": "us-gov-west-1",
            "replication_configuration": [],
            "request_payer": "BucketOwner",
            "server_side_encryption_configuration": [
              {
                "rule": [
                  {
                    "apply_server_side_encryption_by_default": [
                      {
                        "kms_master_key_id": "",
                        "sse_algorithm": "AES256"
                      }
                    ],
                    "bucket_key_enabled": false
                  }
                ]
              }
            ],
            "tags": {},
            "tags_all": {},
            "timeouts": null,
            "versioning": [
              {
                "enabled": false,
                "mfa_delete": false
              }
            ],
            "website": [
              {
                "error_document": "",
                "index_document": "index.html",
                "redirect_all_requests_to": "",
                "routing_rules": ""
              }
            ],
            "website_domain": "s3-website-us-gov-west-1.amazonaws.com",
            "website_endpoint": "allogy-gov-bundles.s3-website-us-gov-west-1.amazonaws.com"
          },
          "sensitive_attributes": []
        }
      ]
    },
    {
      "mode": "managed",
      "type": "aws_s3_bucket",
      "name": "allogy_gov_cloudformation_files",
      "provider": "provider[\"registry.terraform.io/hashicorp/aws\"]",
      "instances": [
        {
          "schema_version": 0,
          "attributes": {
            "acceleration_status": null,
            "acl": null,
            "arn": "arn:aws-us-gov:s3:::allogy-gov-cloudformation-files",
            "bucket": "allogy-gov-cloudformation-files",
            "bucket_domain_name": "allogy-gov-cloudformation-files.s3.amazonaws.com",
            "bucket_prefix": "",
            "bucket_regional_domain_name": "allogy-gov-cloudformation-files.s3.us-gov-west-1.amazonaws.com",
            "cors_rule": [],
            "force_destroy": null,
            "grant": [
              {
                "id": "f679232f4e244ced0a2163c17193f4dbc89477905331fa2752f722c71ca25b06",
                "permissions": [
                  "FULL_CONTROL"
                ],
                "type": "CanonicalUser",
                "uri": ""
              }
            ],
            "hosted_zone_id": "Z31GFT0UA1I2HV",
            "id": "allogy-gov-cloudformation-files",
            "lifecycle_rule": [],
            "logging": [],
            "object_lock_configuration": [],
            "object_lock_enabled": false,
            "policy": "",
            "region": "us-gov-west-1",
            "replication_configuration": [],
            "request_payer": "BucketOwner",
            "server_side_encryption_configuration": [
              {
                "rule": [
                  {
                    "apply_server_side_encryption_by_default": [
                      {
                        "kms_master_key_id": "",
                        "sse_algorithm": "AES256"
                      }
                    ],
                    "bucket_key_enabled": false
                  }
                ]
              }
            ],
            "tags": {},
            "tags_all": {},
            "timeouts": null,
            "versioning": [
              {
                "enabled": false,
                "mfa_delete": false
              }
            ],
            "website": [],
            "website_domain": null,
            "website_endpoint": null
          },
          "sensitive_attributes": []
        }
      ]
    },
    {
      "mode": "managed",
      "type": "aws_s3_bucket",
      "name": "allogy_gov_contents",
      "provider": "provider[\"registry.terraform.io/hashicorp/aws\"]",
      "instances": [
        {
          "schema_version": 0,
          "attributes": {
            "acceleration_status": null,
            "acl": null,
            "arn": "arn:aws-us-gov:s3:::allogy-gov-contents",
            "bucket": "allogy-gov-contents",
            "bucket_domain_name": "allogy-gov-contents.s3.amazonaws.com",
            "bucket_prefix": "",
            "bucket_regional_domain_name": "allogy-gov-contents.s3.us-gov-west-1.amazonaws.com",
            "cors_rule": [],
            "force_destroy": null,
            "grant": [
              {
                "id": "f679232f4e244ced0a2163c17193f4dbc89477905331fa2752f722c71ca25b06",
                "permissions": [
                  "FULL_CONTROL"
                ],
                "type": "CanonicalUser",
                "uri": ""
              }
            ],
            "hosted_zone_id": "Z31GFT0UA1I2HV",
            "id": "allogy-gov-contents",
            "lifecycle_rule": [],
            "logging": [],
            "object_lock_configuration": [],
            "object_lock_enabled": false,
            "policy": "",
            "region": "us-gov-west-1",
            "replication_configuration": [],
            "request_payer": "BucketOwner",
            "server_side_encryption_configuration": [
              {
                "rule": [
                  {
                    "apply_server_side_encryption_by_default": [
                      {
                        "kms_master_key_id": "",
                        "sse_algorithm": "AES256"
                      }
                    ],
                    "bucket_key_enabled": false
                  }
                ]
              }
            ],
            "tags": {},
            "tags_all": {},
            "timeouts": null,
            "versioning": [
              {
                "enabled": false,
                "mfa_delete": false
              }
            ],
            "website": [],
            "website_domain": null,
            "website_endpoint": null
          },
          "sensitive_attributes": []
        }
      ]
    },
    {
      "mode": "managed",
      "type": "aws_s3_bucket",
      "name": "allogy_gov_creator_web_ui",
      "provider": "provider[\"registry.terraform.io/hashicorp/aws\"]",
      "instances": [
        {
          "schema_version": 0,
          "attributes": {
            "acceleration_status": null,
            "acl": null,
            "arn": "arn:aws-us-gov:s3:::allogy-gov-creator-web-ui",
            "bucket": "allogy-gov-creator-web-ui",
            "bucket_domain_name": "allogy-gov-creator-web-ui.s3.amazonaws.com",
            "bucket_prefix": "",
            "bucket_regional_domain_name": "allogy-gov-creator-web-ui.s3.us-gov-west-1.amazonaws.com",
            "cors_rule": [],
            "force_destroy": null,
            "grant": [
              {
                "id": "f679232f4e244ced0a2163c17193f4dbc89477905331fa2752f722c71ca25b06",
                "permissions": [
                  "FULL_CONTROL"
                ],
                "type": "CanonicalUser",
                "uri": ""
              }
            ],
            "hosted_zone_id": "Z31GFT0UA1I2HV",
            "id": "allogy-gov-creator-web-ui",
            "lifecycle_rule": [],
            "logging": [],
            "object_lock_configuration": [],
            "object_lock_enabled": false,
            "policy": "{\"Id\":\"http referer policy example\",\"Statement\":[{\"Action\":[\"s3:GetObject\",\"s3:GetObjectVersion\"],\"Condition\":{\"StringLike\":{\"aws:Referer\":\"cHKcfeREsgWFXLbqvGbmMfsMZffzkZD67FTpa3k4DbcMh4Ui7B\"}},\"Effect\":\"Allow\",\"Principal\":\"*\",\"Resource\":\"arn:aws-us-gov:s3:::allogy-gov-creator-web-ui/*\",\"Sid\":\"Allow get requests originating from www.example.com and example.com.\"}],\"Version\":\"2012-10-17\"}",
            "region": "us-gov-west-1",
            "replication_configuration": [],
            "request_payer": "BucketOwner",
            "server_side_encryption_configuration": [
              {
                "rule": [
                  {
                    "apply_server_side_encryption_by_default": [
                      {
                        "kms_master_key_id": "",
                        "sse_algorithm": "AES256"
                      }
                    ],
                    "bucket_key_enabled": false
                  }
                ]
              }
            ],
            "tags": {},
            "tags_all": {},
            "timeouts": null,
            "versioning": [
              {
                "enabled": false,
                "mfa_delete": false
              }
            ],
            "website": [
              {
                "error_document": "",
                "index_document": "index.html",
                "redirect_all_requests_to": "",
                "routing_rules": ""
              }
            ],
            "website_domain": "s3-website-us-gov-west-1.amazonaws.com",
            "website_endpoint": "allogy-gov-creator-web-ui.s3-website-us-gov-west-1.amazonaws.com"
          },
          "sensitive_attributes": []
        }
      ]
    },
    {
      "mode": "managed",
      "type": "aws_s3_bucket",
      "name": "allogy_gov_email",
      "provider": "provider[\"registry.terraform.io/hashicorp/aws\"]",
      "instances": [
        {
          "schema_version": 0,
          "attributes": {
            "acceleration_status": null,
            "acl": null,
            "arn": "arn:aws-us-gov:s3:::allogy-gov-email",
            "bucket": "allogy-gov-email",
            "bucket_domain_name": "allogy-gov-email.s3.amazonaws.com",
            "bucket_prefix": "",
            "bucket_regional_domain_name": "allogy-gov-email.s3.us-gov-west-1.amazonaws.com",
            "cors_rule": [],
            "force_destroy": null,
            "grant": [
              {
                "id": "f679232f4e244ced0a2163c17193f4dbc89477905331fa2752f722c71ca25b06",
                "permissions": [
                  "FULL_CONTROL"
                ],
                "type": "CanonicalUser",
                "uri": ""
              }
            ],
            "hosted_zone_id": "Z31GFT0UA1I2HV",
            "id": "allogy-gov-email",
            "lifecycle_rule": [],
            "logging": [],
            "object_lock_configuration": [],
            "object_lock_enabled": false,
            "policy": "",
            "region": "us-gov-west-1",
            "replication_configuration": [],
            "request_payer": "BucketOwner",
            "server_side_encryption_configuration": [
              {
                "rule": [
                  {
                    "apply_server_side_encryption_by_default": [
                      {
                        "kms_master_key_id": "",
                        "sse_algorithm": "AES256"
                      }
                    ],
                    "bucket_key_enabled": false
                  }
                ]
              }
            ],
            "tags": {},
            "tags_all": {},
            "timeouts": null,
            "versioning": [
              {
                "enabled": false,
                "mfa_delete": false
              }
            ],
            "website": [],
            "website_domain": null,
            "website_endpoint": null
          },
          "sensitive_attributes": []
        }
      ]
    },
    {
      "mode": "managed",
      "type": "aws_s3_bucket",
      "name": "allogy_gov_instructor_web_ui",
      "provider": "provider[\"registry.terraform.io/hashicorp/aws\"]",
      "instances": [
        {
          "schema_version": 0,
          "attributes": {
            "acceleration_status": null,
            "acl": null,
            "arn": "arn:aws-us-gov:s3:::allogy-gov-instructor-web-ui",
            "bucket": "allogy-gov-instructor-web-ui",
            "bucket_domain_name": "allogy-gov-instructor-web-ui.s3.amazonaws.com",
            "bucket_prefix": "",
            "bucket_regional_domain_name": "allogy-gov-instructor-web-ui.s3.us-gov-west-1.amazonaws.com",
            "cors_rule": [],
            "force_destroy": null,
            "grant": [
              {
                "id": "f679232f4e244ced0a2163c17193f4dbc89477905331fa2752f722c71ca25b06",
                "permissions": [
                  "FULL_CONTROL"
                ],
                "type": "CanonicalUser",
                "uri": ""
              }
            ],
            "hosted_zone_id": "Z31GFT0UA1I2HV",
            "id": "allogy-gov-instructor-web-ui",
            "lifecycle_rule": [],
            "logging": [],
            "object_lock_configuration": [],
            "object_lock_enabled": false,
            "policy": "{\"Id\":\"http referer policy example\",\"Statement\":[{\"Action\":[\"s3:GetObject\",\"s3:GetObjectVersion\"],\"Condition\":{\"StringLike\":{\"aws:Referer\":\"Moxt7tJQapb2kT3c3N6oxuFrFuFUVd6gf4VqHVzU3XqF9Uw2M8\"}},\"Effect\":\"Allow\",\"Principal\":\"*\",\"Resource\":\"arn:aws-us-gov:s3:::allogy-gov-instructor-web-ui/*\",\"Sid\":\"Allow get requests originating from www.example.com and example.com.\"}],\"Version\":\"2012-10-17\"}",
            "region": "us-gov-west-1",
            "replication_configuration": [],
            "request_payer": "BucketOwner",
            "server_side_encryption_configuration": [
              {
                "rule": [
                  {
                    "apply_server_side_encryption_by_default": [
                      {
                        "kms_master_key_id": "",
                        "sse_algorithm": "AES256"
                      }
                    ],
                    "bucket_key_enabled": false
                  }
                ]
              }
            ],
            "tags": {},
            "tags_all": {},
            "timeouts": null,
            "versioning": [
              {
                "enabled": false,
                "mfa_delete": false
              }
            ],
            "website": [
              {
                "error_document": "",
                "index_document": "index.html",
                "redirect_all_requests_to": "",
                "routing_rules": ""
              }
            ],
            "website_domain": "s3-website-us-gov-west-1.amazonaws.com",
            "website_endpoint": "allogy-gov-instructor-web-ui.s3-website-us-gov-west-1.amazonaws.com"
          },
          "sensitive_attributes": []
        }
      ]
    },
    {
      "mode": "managed",
      "type": "aws_s3_bucket",
      "name": "allogy_gov_integration_test",
      "provider": "provider[\"registry.terraform.io/hashicorp/aws\"]",
      "instances": [
        {
          "schema_version": 0,
          "attributes": {
            "acceleration_status": null,
            "acl": null,
            "arn": "arn:aws-us-gov:s3:::allogy-gov-integration-test",
            "bucket": "allogy-gov-integration-test",
            "bucket_domain_name": "allogy-gov-integration-test.s3.amazonaws.com",
            "bucket_prefix": "",
            "bucket_regional_domain_name": "allogy-gov-integration-test.s3.us-gov-west-1.amazonaws.com",
            "cors_rule": [],
            "force_destroy": null,
            "grant": [
              {
                "id": "f679232f4e244ced0a2163c17193f4dbc89477905331fa2752f722c71ca25b06",
                "permissions": [
                  "FULL_CONTROL"
                ],
                "type": "CanonicalUser",
                "uri": ""
              }
            ],
            "hosted_zone_id": "Z31GFT0UA1I2HV",
            "id": "allogy-gov-integration-test",
            "lifecycle_rule": [],
            "logging": [],
            "object_lock_configuration": [],
            "object_lock_enabled": false,
            "policy": "",
            "region": "us-gov-west-1",
            "replication_configuration": [],
            "request_payer": "BucketOwner",
            "server_side_encryption_configuration": [
              {
                "rule": [
                  {
                    "apply_server_side_encryption_by_default": [
                      {
                        "kms_master_key_id": "",
                        "sse_algorithm": "AES256"
                      }
                    ],
                    "bucket_key_enabled": false
                  }
                ]
              }
            ],
            "tags": {},
            "tags_all": {},
            "timeouts": null,
            "versioning": [
              {
                "enabled": false,
                "mfa_delete": false
              }
            ],
            "website": [],
            "website_domain": null,
            "website_endpoint": null
          },
          "sensitive_attributes": []
        }
      ]
    },
    {
      "mode": "managed",
      "type": "aws_s3_bucket",
      "name": "allogy_gov_integration_test_public",
      "provider": "provider[\"registry.terraform.io/hashicorp/aws\"]",
      "instances": [
        {
          "schema_version": 0,
          "attributes": {
            "acceleration_status": null,
            "acl": null,
            "arn": "arn:aws-us-gov:s3:::allogy-gov-integration-test-public",
            "bucket": "allogy-gov-integration-test-public",
            "bucket_domain_name": "allogy-gov-integration-test-public.s3.amazonaws.com",
            "bucket_prefix": "",
            "bucket_regional_domain_name": "allogy-gov-integration-test-public.s3.us-gov-west-1.amazonaws.com",
            "cors_rule": [],
            "force_destroy": null,
            "grant": [
              {
                "id": "f679232f4e244ced0a2163c17193f4dbc89477905331fa2752f722c71ca25b06",
                "permissions": [
                  "FULL_CONTROL"
                ],
                "type": "CanonicalUser",
                "uri": ""
              }
            ],
            "hosted_zone_id": "Z31GFT0UA1I2HV",
            "id": "allogy-gov-integration-test-public",
            "lifecycle_rule": [],
            "logging": [],
            "object_lock_configuration": [],
            "object_lock_enabled": false,
            "policy": "",
            "region": "us-gov-west-1",
            "replication_configuration": [],
            "request_payer": "BucketOwner",
            "server_side_encryption_configuration": [
              {
                "rule": [
                  {
                    "apply_server_side_encryption_by_default": [
                      {
                        "kms_master_key_id": "",
                        "sse_algorithm": "AES256"
                      }
                    ],
                    "bucket_key_enabled": false
                  }
                ]
              }
            ],
            "tags": {},
            "tags_all": {},
            "timeouts": null,
            "versioning": [
              {
                "enabled": false,
                "mfa_delete": false
              }
            ],
            "website": [],
            "website_domain": null,
            "website_endpoint": null
          },
          "sensitive_attributes": []
        }
      ]
    },
    {
      "mode": "managed",
      "type": "aws_s3_bucket",
      "name": "allogy_gov_learner_web_ui",
      "provider": "provider[\"registry.terraform.io/hashicorp/aws\"]",
      "instances": [
        {
          "schema_version": 0,
          "attributes": {
            "acceleration_status": null,
            "acl": null,
            "arn": "arn:aws-us-gov:s3:::allogy-gov-learner-web-ui",
            "bucket": "allogy-gov-learner-web-ui",
            "bucket_domain_name": "allogy-gov-learner-web-ui.s3.amazonaws.com",
            "bucket_prefix": "",
            "bucket_regional_domain_name": "allogy-gov-learner-web-ui.s3.us-gov-west-1.amazonaws.com",
            "cors_rule": [],
            "force_destroy": null,
            "grant": [
              {
                "id": "f679232f4e244ced0a2163c17193f4dbc89477905331fa2752f722c71ca25b06",
                "permissions": [
                  "FULL_CONTROL"
                ],
                "type": "CanonicalUser",
                "uri": ""
              }
            ],
            "hosted_zone_id": "Z31GFT0UA1I2HV",
            "id": "allogy-gov-learner-web-ui",
            "lifecycle_rule": [],
            "logging": [],
            "object_lock_configuration": [],
            "object_lock_enabled": false,
            "policy": "{\"Id\":\"http referer policy example\",\"Statement\":[{\"Action\":[\"s3:GetObject\",\"s3:GetObjectVersion\"],\"Condition\":{\"StringLike\":{\"aws:Referer\":\"JKAGE2CvHkVTucHNnmxmhbpVnjWy22PLLR44WYVGUewaM2TY6j\"}},\"Effect\":\"Allow\",\"Principal\":\"*\",\"Resource\":\"arn:aws-us-gov:s3:::allogy-gov-learner-web-ui/*\",\"Sid\":\"Allow get requests originating from www.example.com and example.com.\"}],\"Version\":\"2012-10-17\"}",
            "region": "us-gov-west-1",
            "replication_configuration": [],
            "request_payer": "BucketOwner",
            "server_side_encryption_configuration": [
              {
                "rule": [
                  {
                    "apply_server_side_encryption_by_default": [
                      {
                        "kms_master_key_id": "",
                        "sse_algorithm": "AES256"
                      }
                    ],
                    "bucket_key_enabled": false
                  }
                ]
              }
            ],
            "tags": {},
            "tags_all": {},
            "timeouts": null,
            "versioning": [
              {
                "enabled": false,
                "mfa_delete": false
              }
            ],
            "website": [
              {
                "error_document": "",
                "index_document": "index.html",
                "redirect_all_requests_to": "",
                "routing_rules": ""
              }
            ],
            "website_domain": "s3-website-us-gov-west-1.amazonaws.com",
            "website_endpoint": "allogy-gov-learner-web-ui.s3-website-us-gov-west-1.amazonaws.com"
          },
          "sensitive_attributes": []
        }
      ]
    },
    {
      "mode": "managed",
      "type": "aws_s3_bucket",
      "name": "allogy_gov_learning_image",
      "provider": "provider[\"registry.terraform.io/hashicorp/aws\"]",
      "instances": [
        {
          "schema_version": 0,
          "attributes": {
            "acceleration_status": null,
            "acl": null,
            "arn": "arn:aws-us-gov:s3:::allogy-gov-learning-image",
            "bucket": "allogy-gov-learning-image",
            "bucket_domain_name": "allogy-gov-learning-image.s3.amazonaws.com",
            "bucket_prefix": "",
            "bucket_regional_domain_name": "allogy-gov-learning-image.s3.us-gov-west-1.amazonaws.com",
            "cors_rule": [],
            "force_destroy": null,
            "grant": [
              {
                "id": "f679232f4e244ced0a2163c17193f4dbc89477905331fa2752f722c71ca25b06",
                "permissions": [
                  "FULL_CONTROL"
                ],
                "type": "CanonicalUser",
                "uri": ""
              }
            ],
            "hosted_zone_id": "Z31GFT0UA1I2HV",
            "id": "allogy-gov-learning-image",
            "lifecycle_rule": [],
            "logging": [],
            "object_lock_configuration": [],
            "object_lock_enabled": false,
            "policy": "",
            "region": "us-gov-west-1",
            "replication_configuration": [],
            "request_payer": "BucketOwner",
            "server_side_encryption_configuration": [
              {
                "rule": [
                  {
                    "apply_server_side_encryption_by_default": [
                      {
                        "kms_master_key_id": "",
                        "sse_algorithm": "AES256"
                      }
                    ],
                    "bucket_key_enabled": false
                  }
                ]
              }
            ],
            "tags": {},
            "tags_all": {},
            "timeouts": null,
            "versioning": [
              {
                "enabled": false,
                "mfa_delete": false
              }
            ],
            "website": [],
            "website_domain": null,
            "website_endpoint": null
          },
          "sensitive_attributes": []
        }
      ]
    },
    {
      "mode": "managed",
      "type": "aws_s3_bucket",
      "name": "allogy_gov_learning_image_distribution",
      "provider": "provider[\"registry.terraform.io/hashicorp/aws\"]",
      "instances": [
        {
          "schema_version": 0,
          "attributes": {
            "acceleration_status": null,
            "acl": null,
            "arn": "arn:aws-us-gov:s3:::allogy-gov-learning-image-distribution",
            "bucket": "allogy-gov-learning-image-distribution",
            "bucket_domain_name": "allogy-gov-learning-image-distribution.s3.amazonaws.com",
            "bucket_prefix": "",
            "bucket_regional_domain_name": "allogy-gov-learning-image-distribution.s3.us-gov-west-1.amazonaws.com",
            "cors_rule": [],
            "force_destroy": null,
            "grant": [
              {
                "id": "f679232f4e244ced0a2163c17193f4dbc89477905331fa2752f722c71ca25b06",
                "permissions": [
                  "FULL_CONTROL"
                ],
                "type": "CanonicalUser",
                "uri": ""
              }
            ],
            "hosted_zone_id": "Z31GFT0UA1I2HV",
            "id": "allogy-gov-learning-image-distribution",
            "lifecycle_rule": [],
            "logging": [],
            "object_lock_configuration": [],
            "object_lock_enabled": false,
            "policy": "{\"Id\":\"http referer policy learning distribution\",\"Statement\":[{\"Action\":[\"s3:GetObject\",\"s3:GetObjectVersion\"],\"Condition\":{\"StringLike\":{\"aws:Referer\":\"pZx98hbtZcxk7EuKFEbj4Z3ox9BjebVwiFdPt2bZAWFVDJeGoF\"}},\"Effect\":\"Allow\",\"Principal\":\"*\",\"Resource\":\"arn:aws-us-gov:s3:::allogy-gov-learning-image-distribution/*\",\"Sid\":\"Allow get requests originating from cloudfront.\"}],\"Version\":\"2012-10-17\"}",
            "region": "us-gov-west-1",
            "replication_configuration": [],
            "request_payer": "BucketOwner",
            "server_side_encryption_configuration": [
              {
                "rule": [
                  {
                    "apply_server_side_encryption_by_default": [
                      {
                        "kms_master_key_id": "",
                        "sse_algorithm": "AES256"
                      }
                    ],
                    "bucket_key_enabled": false
                  }
                ]
              }
            ],
            "tags": {},
            "tags_all": {},
            "timeouts": null,
            "versioning": [
              {
                "enabled": false,
                "mfa_delete": false
              }
            ],
            "website": [
              {
                "error_document": "",
                "index_document": "index.html",
                "redirect_all_requests_to": "",
                "routing_rules": ""
              }
            ],
            "website_domain": "s3-website-us-gov-west-1.amazonaws.com",
            "website_endpoint": "allogy-gov-learning-image-distribution.s3-website-us-gov-west-1.amazonaws.com"
          },
          "sensitive_attributes": []
        }
      ]
    },
    {
      "mode": "managed",
      "type": "aws_s3_bucket",
      "name": "allogy_gov_learning_media",
      "provider": "provider[\"registry.terraform.io/hashicorp/aws\"]",
      "instances": [
        {
          "schema_version": 0,
          "attributes": {
            "acceleration_status": null,
            "acl": null,
            "arn": "arn:aws-us-gov:s3:::allogy-gov-learning-media",
            "bucket": "allogy-gov-learning-media",
            "bucket_domain_name": "allogy-gov-learning-media.s3.amazonaws.com",
            "bucket_prefix": "",
            "bucket_regional_domain_name": "allogy-gov-learning-media.s3.us-gov-west-1.amazonaws.com",
            "cors_rule": [],
            "force_destroy": null,
            "grant": [
              {
                "id": "f679232f4e244ced0a2163c17193f4dbc89477905331fa2752f722c71ca25b06",
                "permissions": [
                  "FULL_CONTROL"
                ],
                "type": "CanonicalUser",
                "uri": ""
              }
            ],
            "hosted_zone_id": "Z31GFT0UA1I2HV",
            "id": "allogy-gov-learning-media",
            "lifecycle_rule": [],
            "logging": [],
            "object_lock_configuration": [],
            "object_lock_enabled": false,
            "policy": "",
            "region": "us-gov-west-1",
            "replication_configuration": [],
            "request_payer": "BucketOwner",
            "server_side_encryption_configuration": [
              {
                "rule": [
                  {
                    "apply_server_side_encryption_by_default": [
                      {
                        "kms_master_key_id": "",
                        "sse_algorithm": "AES256"
                      }
                    ],
                    "bucket_key_enabled": false
                  }
                ]
              }
            ],
            "tags": {},
            "tags_all": {},
            "timeouts": null,
            "versioning": [
              {
                "enabled": false,
                "mfa_delete": false
              }
            ],
            "website": [],
            "website_domain": null,
            "website_endpoint": null
          },
          "sensitive_attributes": []
        }
      ]
    },
    {
      "mode": "managed",
      "type": "aws_s3_bucket",
      "name": "allogy_gov_learning_media_distribution",
      "provider": "provider[\"registry.terraform.io/hashicorp/aws\"]",
      "instances": [
        {
          "schema_version": 0,
          "attributes": {
            "acceleration_status": null,
            "acl": null,
            "arn": "arn:aws-us-gov:s3:::allogy-gov-learning-media-distribution",
            "bucket": "allogy-gov-learning-media-distribution",
            "bucket_domain_name": "allogy-gov-learning-media-distribution.s3.amazonaws.com",
            "bucket_prefix": "",
            "bucket_regional_domain_name": "allogy-gov-learning-media-distribution.s3.us-gov-west-1.amazonaws.com",
            "cors_rule": [],
            "force_destroy": null,
            "grant": [
              {
                "id": "f679232f4e244ced0a2163c17193f4dbc89477905331fa2752f722c71ca25b06",
                "permissions": [
                  "FULL_CONTROL"
                ],
                "type": "CanonicalUser",
                "uri": ""
              }
            ],
            "hosted_zone_id": "Z31GFT0UA1I2HV",
            "id": "allogy-gov-learning-media-distribution",
            "lifecycle_rule": [],
            "logging": [],
            "object_lock_configuration": [],
            "object_lock_enabled": false,
            "policy": "{\"Id\":\"http referer policy learning distribution\",\"Statement\":[{\"Action\":[\"s3:GetObject\",\"s3:GetObjectVersion\"],\"Condition\":{\"StringLike\":{\"aws:Referer\":\"pZx98hbtZcxk7EuKFEbj4Z3ox9BjebVwiFdPt2bZAWFVDJeGoF\"}},\"Effect\":\"Allow\",\"Principal\":\"*\",\"Resource\":\"arn:aws-us-gov:s3:::allogy-gov-learning-media-distribution/*\",\"Sid\":\"Allow get requests originating from cloudfront.\"}],\"Version\":\"2012-10-17\"}",
            "region": "us-gov-west-1",
            "replication_configuration": [],
            "request_payer": "BucketOwner",
            "server_side_encryption_configuration": [
              {
                "rule": [
                  {
                    "apply_server_side_encryption_by_default": [
                      {
                        "kms_master_key_id": "",
                        "sse_algorithm": "AES256"
                      }
                    ],
                    "bucket_key_enabled": false
                  }
                ]
              }
            ],
            "tags": {},
            "tags_all": {},
            "timeouts": null,
            "versioning": [
              {
                "enabled": false,
                "mfa_delete": false
              }
            ],
            "website": [
              {
                "error_document": "",
                "index_document": "index.html",
                "redirect_all_requests_to": "",
                "routing_rules": ""
              }
            ],
            "website_domain": "s3-website-us-gov-west-1.amazonaws.com",
            "website_endpoint": "allogy-gov-learning-media-distribution.s3-website-us-gov-west-1.amazonaws.com"
          },
          "sensitive_attributes": []
        }
      ]
    },
    {
      "mode": "managed",
      "type": "aws_s3_bucket",
      "name": "allogy_gov_learning_pdf",
      "provider": "provider[\"registry.terraform.io/hashicorp/aws\"]",
      "instances": [
        {
          "schema_version": 0,
          "attributes": {
            "acceleration_status": null,
            "acl": null,
            "arn": "arn:aws-us-gov:s3:::allogy-gov-learning-pdf",
            "bucket": "allogy-gov-learning-pdf",
            "bucket_domain_name": "allogy-gov-learning-pdf.s3.amazonaws.com",
            "bucket_prefix": "",
            "bucket_regional_domain_name": "allogy-gov-learning-pdf.s3.us-gov-west-1.amazonaws.com",
            "cors_rule": [],
            "force_destroy": null,
            "grant": [
              {
                "id": "f679232f4e244ced0a2163c17193f4dbc89477905331fa2752f722c71ca25b06",
                "permissions": [
                  "FULL_CONTROL"
                ],
                "type": "CanonicalUser",
                "uri": ""
              }
            ],
            "hosted_zone_id": "Z31GFT0UA1I2HV",
            "id": "allogy-gov-learning-pdf",
            "lifecycle_rule": [],
            "logging": [],
            "object_lock_configuration": [],
            "object_lock_enabled": false,
            "policy": "",
            "region": "us-gov-west-1",
            "replication_configuration": [],
            "request_payer": "BucketOwner",
            "server_side_encryption_configuration": [
              {
                "rule": [
                  {
                    "apply_server_side_encryption_by_default": [
                      {
                        "kms_master_key_id": "",
                        "sse_algorithm": "AES256"
                      }
                    ],
                    "bucket_key_enabled": false
                  }
                ]
              }
            ],
            "tags": {},
            "tags_all": {},
            "timeouts": null,
            "versioning": [
              {
                "enabled": false,
                "mfa_delete": false
              }
            ],
            "website": [],
            "website_domain": null,
            "website_endpoint": null
          },
          "sensitive_attributes": []
        }
      ]
    },
    {
      "mode": "managed",
      "type": "aws_s3_bucket",
      "name": "allogy_gov_market_service",
      "provider": "provider[\"registry.terraform.io/hashicorp/aws\"]",
      "instances": [
        {
          "schema_version": 0,
          "attributes": {
            "acceleration_status": null,
            "acl": null,
            "arn": "arn:aws-us-gov:s3:::allogy-gov-market-service",
            "bucket": "allogy-gov-market-service",
            "bucket_domain_name": "allogy-gov-market-service.s3.amazonaws.com",
            "bucket_prefix": "",
            "bucket_regional_domain_name": "allogy-gov-market-service.s3.us-gov-west-1.amazonaws.com",
            "cors_rule": [],
            "force_destroy": null,
            "grant": [
              {
                "id": "f679232f4e244ced0a2163c17193f4dbc89477905331fa2752f722c71ca25b06",
                "permissions": [
                  "FULL_CONTROL"
                ],
                "type": "CanonicalUser",
                "uri": ""
              }
            ],
            "hosted_zone_id": "Z31GFT0UA1I2HV",
            "id": "allogy-gov-market-service",
            "lifecycle_rule": [],
            "logging": [],
            "object_lock_configuration": [],
            "object_lock_enabled": false,
            "policy": "{\"Id\":\"http referer policy for cloudfront distribution\",\"Statement\":[{\"Action\":[\"s3:GetObject\",\"s3:GetObjectVersion\"],\"Condition\":{\"StringLike\":{\"aws:Referer\":\"3GcnQmxGuKtxrvqJsrgvhNA8QYhbDT8ZngetJvgECwQQNAmmzR\"}},\"Effect\":\"Allow\",\"Principal\":\"*\",\"Resource\":\"arn:aws-us-gov:s3:::allogy-gov-market-service/*\",\"Sid\":\"Allow get requests originating from cloudfront.\"}],\"Version\":\"2012-10-17\"}",
            "region": "us-gov-west-1",
            "replication_configuration": [],
            "request_payer": "BucketOwner",
            "server_side_encryption_configuration": [
              {
                "rule": [
                  {
                    "apply_server_side_encryption_by_default": [
                      {
                        "kms_master_key_id": "",
                        "sse_algorithm": "AES256"
                      }
                    ],
                    "bucket_key_enabled": false
                  }
                ]
              }
            ],
            "tags": {},
            "tags_all": {},
            "timeouts": null,
            "versioning": [
              {
                "enabled": false,
                "mfa_delete": false
              }
            ],
            "website": [
              {
                "error_document": "",
                "index_document": "index.html",
                "redirect_all_requests_to": "",
                "routing_rules": ""
              }
            ],
            "website_domain": "s3-website-us-gov-west-1.amazonaws.com",
            "website_endpoint": "allogy-gov-market-service.s3-website-us-gov-west-1.amazonaws.com"
          },
          "sensitive_attributes": []
        }
      ]
    },
    {
      "mode": "managed",
      "type": "aws_s3_bucket",
      "name": "allogy_gov_person_images_scaled",
      "provider": "provider[\"registry.terraform.io/hashicorp/aws\"]",
      "instances": [
        {
          "schema_version": 0,
          "attributes": {
            "acceleration_status": null,
            "acl": null,
            "arn": "arn:aws-us-gov:s3:::allogy-gov-person-images-scaled",
            "bucket": "allogy-gov-person-images-scaled",
            "bucket_domain_name": "allogy-gov-person-images-scaled.s3.amazonaws.com",
            "bucket_prefix": "",
            "bucket_regional_domain_name": "allogy-gov-person-images-scaled.s3.us-gov-west-1.amazonaws.com",
            "cors_rule": [],
            "force_destroy": null,
            "grant": [
              {
                "id": "f679232f4e244ced0a2163c17193f4dbc89477905331fa2752f722c71ca25b06",
                "permissions": [
                  "FULL_CONTROL"
                ],
                "type": "CanonicalUser",
                "uri": ""
              }
            ],
            "hosted_zone_id": "Z31GFT0UA1I2HV",
            "id": "allogy-gov-person-images-scaled",
            "lifecycle_rule": [],
            "logging": [],
            "object_lock_configuration": [],
            "object_lock_enabled": false,
            "policy": "",
            "region": "us-gov-west-1",
            "replication_configuration": [],
            "request_payer": "BucketOwner",
            "server_side_encryption_configuration": [
              {
                "rule": [
                  {
                    "apply_server_side_encryption_by_default": [
                      {
                        "kms_master_key_id": "",
                        "sse_algorithm": "AES256"
                      }
                    ],
                    "bucket_key_enabled": false
                  }
                ]
              }
            ],
            "tags": {},
            "tags_all": {},
            "timeouts": null,
            "versioning": [
              {
                "enabled": false,
                "mfa_delete": false
              }
            ],
            "website": [],
            "website_domain": null,
            "website_endpoint": null
          },
          "sensitive_attributes": []
        }
      ]
    },
    {
      "mode": "managed",
      "type": "aws_s3_bucket",
      "name": "allogy_gov_person_images_upload",
      "provider": "provider[\"registry.terraform.io/hashicorp/aws\"]",
      "instances": [
        {
          "schema_version": 0,
          "attributes": {
            "acceleration_status": null,
            "acl": null,
            "arn": "arn:aws-us-gov:s3:::allogy-gov-person-images-upload",
            "bucket": "allogy-gov-person-images-upload",
            "bucket_domain_name": "allogy-gov-person-images-upload.s3.amazonaws.com",
            "bucket_prefix": "",
            "bucket_regional_domain_name": "allogy-gov-person-images-upload.s3.us-gov-west-1.amazonaws.com",
            "cors_rule": [],
            "force_destroy": null,
            "grant": [
              {
                "id": "f679232f4e244ced0a2163c17193f4dbc89477905331fa2752f722c71ca25b06",
                "permissions": [
                  "FULL_CONTROL"
                ],
                "type": "CanonicalUser",
                "uri": ""
              }
            ],
            "hosted_zone_id": "Z31GFT0UA1I2HV",
            "id": "allogy-gov-person-images-upload",
            "lifecycle_rule": [],
            "logging": [],
            "object_lock_configuration": [],
            "object_lock_enabled": false,
            "policy": "",
            "region": "us-gov-west-1",
            "replication_configuration": [],
            "request_payer": "BucketOwner",
            "server_side_encryption_configuration": [
              {
                "rule": [
                  {
                    "apply_server_side_encryption_by_default": [
                      {
                        "kms_master_key_id": "",
                        "sse_algorithm": "AES256"
                      }
                    ],
                    "bucket_key_enabled": false
                  }
                ]
              }
            ],
            "tags": {},
            "tags_all": {},
            "timeouts": null,
            "versioning": [
              {
                "enabled": false,
                "mfa_delete": false
              }
            ],
            "website": [],
            "website_domain": null,
            "website_endpoint": null
          },
          "sensitive_attributes": []
        }
      ]
    },
    {
      "mode": "managed",
      "type": "aws_s3_bucket",
      "name": "allogy_gov_tenant_admin_web_ui",
      "provider": "provider[\"registry.terraform.io/hashicorp/aws\"]",
      "instances": [
        {
          "schema_version": 0,
          "attributes": {
            "acceleration_status": null,
            "acl": null,
            "arn": "arn:aws-us-gov:s3:::allogy-gov-tenant-admin-web-ui",
            "bucket": "allogy-gov-tenant-admin-web-ui",
            "bucket_domain_name": "allogy-gov-tenant-admin-web-ui.s3.amazonaws.com",
            "bucket_prefix": "",
            "bucket_regional_domain_name": "allogy-gov-tenant-admin-web-ui.s3.us-gov-west-1.amazonaws.com",
            "cors_rule": [],
            "force_destroy": null,
            "grant": [
              {
                "id": "f679232f4e244ced0a2163c17193f4dbc89477905331fa2752f722c71ca25b06",
                "permissions": [
                  "FULL_CONTROL"
                ],
                "type": "CanonicalUser",
                "uri": ""
              }
            ],
            "hosted_zone_id": "Z31GFT0UA1I2HV",
            "id": "allogy-gov-tenant-admin-web-ui",
            "lifecycle_rule": [],
            "logging": [],
            "object_lock_configuration": [],
            "object_lock_enabled": false,
            "policy": "{\"Id\":\"http referer policy example\",\"Statement\":[{\"Action\":[\"s3:GetObject\",\"s3:GetObjectVersion\"],\"Condition\":{\"StringLike\":{\"aws:Referer\":\"MUxCxMV9QYpywpj42i7o2kCHBdT9xsrJ2697tEhVkQ79gL3Ycy\"}},\"Effect\":\"Allow\",\"Principal\":\"*\",\"Resource\":\"arn:aws-us-gov:s3:::allogy-gov-tenant-admin-web-ui/*\",\"Sid\":\"Allow get requests originating from www.example.com and example.com.\"}],\"Version\":\"2012-10-17\"}",
            "region": "us-gov-west-1",
            "replication_configuration": [],
            "request_payer": "BucketOwner",
            "server_side_encryption_configuration": [
              {
                "rule": [
                  {
                    "apply_server_side_encryption_by_default": [
                      {
                        "kms_master_key_id": "",
                        "sse_algorithm": "AES256"
                      }
                    ],
                    "bucket_key_enabled": false
                  }
                ]
              }
            ],
            "tags": {},
            "tags_all": {},
            "timeouts": null,
            "versioning": [
              {
                "enabled": false,
                "mfa_delete": false
              }
            ],
            "website": [
              {
                "error_document": "",
                "index_document": "index.html",
                "redirect_all_requests_to": "",
                "routing_rules": ""
              }
            ],
            "website_domain": "s3-website-us-gov-west-1.amazonaws.com",
            "website_endpoint": "allogy-gov-tenant-admin-web-ui.s3-website-us-gov-west-1.amazonaws.com"
          },
          "sensitive_attributes": []
        }
      ]
    },
    {
      "mode": "managed",
      "type": "aws_s3_bucket",
      "name": "allogy_gov_tenant_configurations",
      "provider": "provider[\"registry.terraform.io/hashicorp/aws\"]",
      "instances": [
        {
          "schema_version": 0,
          "attributes": {
            "acceleration_status": null,
            "acl": null,
            "arn": "arn:aws-us-gov:s3:::allogy-gov-tenant-configurations",
            "bucket": "allogy-gov-tenant-configurations",
            "bucket_domain_name": "allogy-gov-tenant-configurations.s3.amazonaws.com",
            "bucket_prefix": "",
            "bucket_regional_domain_name": "allogy-gov-tenant-configurations.s3.us-gov-west-1.amazonaws.com",
            "cors_rule": [],
            "force_destroy": null,
            "grant": [
              {
                "id": "f679232f4e244ced0a2163c17193f4dbc89477905331fa2752f722c71ca25b06",
                "permissions": [
                  "FULL_CONTROL"
                ],
                "type": "CanonicalUser",
                "uri": ""
              }
            ],
            "hosted_zone_id": "Z31GFT0UA1I2HV",
            "id": "allogy-gov-tenant-configurations",
            "lifecycle_rule": [],
            "logging": [],
            "object_lock_configuration": [],
            "object_lock_enabled": false,
            "policy": "{\"Id\":\"http referer policy for cloudfront\",\"Statement\":[{\"Action\":[\"s3:GetObject\",\"s3:GetObjectVersion\"],\"Condition\":{\"StringLike\":{\"aws:Referer\":\"bCwCPca3ERKGCRBQmWV6sKtD6vUjXRWpfTD6y3udN4AyNhVRoe\"}},\"Effect\":\"Allow\",\"Principal\":\"*\",\"Resource\":\"arn:aws-us-gov:s3:::allogy-gov-tenant-configurations/*\",\"Sid\":\"Allow get requests originating from cloudfront.\"}],\"Version\":\"2012-10-17\"}",
            "region": "us-gov-west-1",
            "replication_configuration": [],
            "request_payer": "BucketOwner",
            "server_side_encryption_configuration": [
              {
                "rule": [
                  {
                    "apply_server_side_encryption_by_default": [
                      {
                        "kms_master_key_id": "",
                        "sse_algorithm": "AES256"
                      }
                    ],
                    "bucket_key_enabled": false
                  }
                ]
              }
            ],
            "tags": {},
            "tags_all": {},
            "timeouts": null,
            "versioning": [
              {
                "enabled": false,
                "mfa_delete": false
              }
            ],
            "website": [
              {
                "error_document": "",
                "index_document": "index.html",
                "redirect_all_requests_to": "",
                "routing_rules": ""
              }
            ],
            "website_domain": "s3-website-us-gov-west-1.amazonaws.com",
            "website_endpoint": "allogy-gov-tenant-configurations.s3-website-us-gov-west-1.amazonaws.com"
          },
          "sensitive_attributes": []
        }
      ]
    },
    {
      "mode": "managed",
      "type": "aws_s3_bucket",
      "name": "allogy_gov_web_services",
      "provider": "provider[\"registry.terraform.io/hashicorp/aws\"]",
      "instances": [
        {
          "schema_version": 0,
          "attributes": {
            "acceleration_status": null,
            "acl": null,
            "arn": "arn:aws-us-gov:s3:::allogy-gov-web-services",
            "bucket": "allogy-gov-web-services",
            "bucket_domain_name": "allogy-gov-web-services.s3.amazonaws.com",
            "bucket_prefix": "",
            "bucket_regional_domain_name": "allogy-gov-web-services.s3.us-gov-west-1.amazonaws.com",
            "cors_rule": [],
            "force_destroy": null,
            "grant": [
              {
                "id": "f679232f4e244ced0a2163c17193f4dbc89477905331fa2752f722c71ca25b06",
                "permissions": [
                  "FULL_CONTROL"
                ],
                "type": "CanonicalUser",
                "uri": ""
              }
            ],
            "hosted_zone_id": "Z31GFT0UA1I2HV",
            "id": "allogy-gov-web-services",
            "lifecycle_rule": [],
            "logging": [],
            "object_lock_configuration": [],
            "object_lock_enabled": false,
            "policy": "",
            "region": "us-gov-west-1",
            "replication_configuration": [],
            "request_payer": "BucketOwner",
            "server_side_encryption_configuration": [
              {
                "rule": [
                  {
                    "apply_server_side_encryption_by_default": [
                      {
                        "kms_master_key_id": "",
                        "sse_algorithm": "AES256"
                      }
                    ],
                    "bucket_key_enabled": false
                  }
                ]
              }
            ],
            "tags": {},
            "tags_all": {},
            "timeouts": null,
            "versioning": [
              {
                "enabled": false,
                "mfa_delete": false
              }
            ],
            "website": [],
            "website_domain": null,
            "website_endpoint": null
          },
          "sensitive_attributes": []
        }
      ]
    },
    {
      "mode": "managed",
      "type": "aws_s3_bucket",
      "name": "allogy_govcloud_import",
      "provider": "provider[\"registry.terraform.io/hashicorp/aws\"]",
      "instances": [
        {
          "schema_version": 0,
          "attributes": {
            "acceleration_status": null,
            "acl": null,
            "arn": "arn:aws-us-gov:s3:::allogy-govcloud-import",
            "bucket": "allogy-govcloud-import",
            "bucket_domain_name": "allogy-govcloud-import.s3.amazonaws.com",
            "bucket_prefix": "",
            "bucket_regional_domain_name": "allogy-govcloud-import.s3.us-gov-west-1.amazonaws.com",
            "cors_rule": [],
            "force_destroy": null,
            "grant": [
              {
                "id": "f679232f4e244ced0a2163c17193f4dbc89477905331fa2752f722c71ca25b06",
                "permissions": [
                  "FULL_CONTROL"
                ],
                "type": "CanonicalUser",
                "uri": ""
              }
            ],
            "hosted_zone_id": "Z31GFT0UA1I2HV",
            "id": "allogy-govcloud-import",
            "lifecycle_rule": [],
            "logging": [],
            "object_lock_configuration": [],
            "object_lock_enabled": false,
            "policy": "",
            "region": "us-gov-west-1",
            "replication_configuration": [],
            "request_payer": "BucketOwner",
            "server_side_encryption_configuration": [
              {
                "rule": [
                  {
                    "apply_server_side_encryption_by_default": [
                      {
                        "kms_master_key_id": "",
                        "sse_algorithm": "AES256"
                      }
                    ],
                    "bucket_key_enabled": false
                  }
                ]
              }
            ],
            "tags": {},
            "tags_all": {},
            "timeouts": null,
            "versioning": [
              {
                "enabled": false,
                "mfa_delete": false
              }
            ],
            "website": [],
            "website_domain": null,
            "website_endpoint": null
          },
          "sensitive_attributes": []
        }
      ]
    },
    {
      "mode": "managed",
      "type": "aws_s3_bucket",
      "name": "aws_glue_assets_050779347855_us_gov_west_1",
      "provider": "provider[\"registry.terraform.io/hashicorp/aws\"]",
      "instances": [
        {
          "schema_version": 0,
          "attributes": {
            "acceleration_status": null,
            "acl": null,
            "arn": "arn:aws-us-gov:s3:::aws-glue-assets-050779347855-us-gov-west-1",
            "bucket": "aws-glue-assets-050779347855-us-gov-west-1",
            "bucket_domain_name": "aws-glue-assets-050779347855-us-gov-west-1.s3.amazonaws.com",
            "bucket_prefix": "",
            "bucket_regional_domain_name": "aws-glue-assets-050779347855-us-gov-west-1.s3.us-gov-west-1.amazonaws.com",
            "cors_rule": [],
            "force_destroy": null,
            "grant": [
              {
                "id": "f679232f4e244ced0a2163c17193f4dbc89477905331fa2752f722c71ca25b06",
                "permissions": [
                  "FULL_CONTROL"
                ],
                "type": "CanonicalUser",
                "uri": ""
              }
            ],
            "hosted_zone_id": "Z31GFT0UA1I2HV",
            "id": "aws-glue-assets-050779347855-us-gov-west-1",
            "lifecycle_rule": [],
            "logging": [],
            "object_lock_configuration": [],
            "object_lock_enabled": false,
            "policy": "",
            "region": "us-gov-west-1",
            "replication_configuration": [],
            "request_payer": "BucketOwner",
            "server_side_encryption_configuration": [
              {
                "rule": [
                  {
                    "apply_server_side_encryption_by_default": [
                      {
                        "kms_master_key_id": "",
                        "sse_algorithm": "AES256"
                      }
                    ],
                    "bucket_key_enabled": false
                  }
                ]
              }
            ],
            "tags": {},
            "tags_all": {},
            "timeouts": null,
            "versioning": [
              {
                "enabled": false,
                "mfa_delete": false
              }
            ],
            "website": [],
            "website_domain": null,
            "website_endpoint": null
          },
          "sensitive_attributes": []
        }
      ]
    },
    {
      "mode": "managed",
      "type": "aws_s3_bucket",
      "name": "aws_glue_scripts_050779347855_us_gov_west_1",
      "provider": "provider[\"registry.terraform.io/hashicorp/aws\"]",
      "instances": [
        {
          "schema_version": 0,
          "attributes": {
            "acceleration_status": null,
            "acl": null,
            "arn": "arn:aws-us-gov:s3:::aws-glue-scripts-050779347855-us-gov-west-1",
            "bucket": "aws-glue-scripts-050779347855-us-gov-west-1",
            "bucket_domain_name": "aws-glue-scripts-050779347855-us-gov-west-1.s3.amazonaws.com",
            "bucket_prefix": "",
            "bucket_regional_domain_name": "aws-glue-scripts-050779347855-us-gov-west-1.s3.us-gov-west-1.amazonaws.com",
            "cors_rule": [],
            "force_destroy": null,
            "grant": [
              {
                "id": "f679232f4e244ced0a2163c17193f4dbc89477905331fa2752f722c71ca25b06",
                "permissions": [
                  "FULL_CONTROL"
                ],
                "type": "CanonicalUser",
                "uri": ""
              }
            ],
            "hosted_zone_id": "Z31GFT0UA1I2HV",
            "id": "aws-glue-scripts-050779347855-us-gov-west-1",
            "lifecycle_rule": [],
            "logging": [],
            "object_lock_configuration": [],
            "object_lock_enabled": false,
            "policy": "",
            "region": "us-gov-west-1",
            "replication_configuration": [],
            "request_payer": "BucketOwner",
            "server_side_encryption_configuration": [
              {
                "rule": [
                  {
                    "apply_server_side_encryption_by_default": [
                      {
                        "kms_master_key_id": "",
                        "sse_algorithm": "AES256"
                      }
                    ],
                    "bucket_key_enabled": false
                  }
                ]
              }
            ],
            "tags": {},
            "tags_all": {},
            "timeouts": null,
            "versioning": [
              {
                "enabled": false,
                "mfa_delete": false
              }
            ],
            "website": [],
            "website_domain": null,
            "website_endpoint": null
          },
          "sensitive_attributes": []
        }
      ]
    },
    {
      "mode": "managed",
      "type": "aws_s3_bucket",
      "name": "aws_glue_temporary_050779347855_us_gov_west_1",
      "provider": "provider[\"registry.terraform.io/hashicorp/aws\"]",
      "instances": [
        {
          "schema_version": 0,
          "attributes": {
            "acceleration_status": null,
            "acl": null,
            "arn": "arn:aws-us-gov:s3:::aws-glue-temporary-050779347855-us-gov-west-1",
            "bucket": "aws-glue-temporary-050779347855-us-gov-west-1",
            "bucket_domain_name": "aws-glue-temporary-050779347855-us-gov-west-1.s3.amazonaws.com",
            "bucket_prefix": "",
            "bucket_regional_domain_name": "aws-glue-temporary-050779347855-us-gov-west-1.s3.us-gov-west-1.amazonaws.com",
            "cors_rule": [],
            "force_destroy": null,
            "grant": [
              {
                "id": "f679232f4e244ced0a2163c17193f4dbc89477905331fa2752f722c71ca25b06",
                "permissions": [
                  "FULL_CONTROL"
                ],
                "type": "CanonicalUser",
                "uri": ""
              }
            ],
            "hosted_zone_id": "Z31GFT0UA1I2HV",
            "id": "aws-glue-temporary-050779347855-us-gov-west-1",
            "lifecycle_rule": [],
            "logging": [],
            "object_lock_configuration": [],
            "object_lock_enabled": false,
            "policy": "",
            "region": "us-gov-west-1",
            "replication_configuration": [],
            "request_payer": "BucketOwner",
            "server_side_encryption_configuration": [
              {
                "rule": [
                  {
                    "apply_server_side_encryption_by_default": [
                      {
                        "kms_master_key_id": "",
                        "sse_algorithm": "AES256"
                      }
                    ],
                    "bucket_key_enabled": false
                  }
                ]
              }
            ],
            "tags": {},
            "tags_all": {},
            "timeouts": null,
            "versioning": [
              {
                "enabled": false,
                "mfa_delete": false
              }
            ],
            "website": [],
            "website_domain": null,
            "website_endpoint": null
          },
          "sensitive_attributes": []
        }
      ]
    },
    {
      "mode": "managed",
      "type": "aws_s3_bucket",
      "name": "cf_templates_1bohskxf0k9l4_us_gov_west_1",
      "provider": "provider[\"registry.terraform.io/hashicorp/aws\"]",
      "instances": [
        {
          "schema_version": 0,
          "attributes": {
            "acceleration_status": null,
            "acl": null,
            "arn": "arn:aws-us-gov:s3:::cf-templates-1bohskxf0k9l4-us-gov-west-1",
            "bucket": "cf-templates-1bohskxf0k9l4-us-gov-west-1",
            "bucket_domain_name": "cf-templates-1bohskxf0k9l4-us-gov-west-1.s3.amazonaws.com",
            "bucket_prefix": "",
            "bucket_regional_domain_name": "cf-templates-1bohskxf0k9l4-us-gov-west-1.s3.us-gov-west-1.amazonaws.com",
            "cors_rule": [],
            "force_destroy": null,
            "grant": [
              {
                "id": "f679232f4e244ced0a2163c17193f4dbc89477905331fa2752f722c71ca25b06",
                "permissions": [
                  "FULL_CONTROL"
                ],
                "type": "CanonicalUser",
                "uri": ""
              }
            ],
            "hosted_zone_id": "Z31GFT0UA1I2HV",
            "id": "cf-templates-1bohskxf0k9l4-us-gov-west-1",
            "lifecycle_rule": [],
            "logging": [],
            "object_lock_configuration": [],
            "object_lock_enabled": false,
            "policy": "",
            "region": "us-gov-west-1",
            "replication_configuration": [],
            "request_payer": "BucketOwner",
            "server_side_encryption_configuration": [
              {
                "rule": [
                  {
                    "apply_server_side_encryption_by_default": [
                      {
                        "kms_master_key_id": "",
                        "sse_algorithm": "AES256"
                      }
                    ],
                    "bucket_key_enabled": false
                  }
                ]
              }
            ],
            "tags": {},
            "tags_all": {},
            "timeouts": null,
            "versioning": [
              {
                "enabled": false,
                "mfa_delete": false
              }
            ],
            "website": [],
            "website_domain": null,
            "website_endpoint": null
          },
          "sensitive_attributes": []
        }
      ]
    },
    {
      "mode": "managed",
      "type": "aws_s3_bucket",
      "name": "elasticbeanstalk_us_gov_west_1_050779347855",
      "provider": "provider[\"registry.terraform.io/hashicorp/aws\"]",
      "instances": [
        {
          "schema_version": 0,
          "attributes": {
            "acceleration_status": null,
            "acl": null,
            "arn": "arn:aws-us-gov:s3:::elasticbeanstalk-us-gov-west-1-050779347855",
            "bucket": "elasticbeanstalk-us-gov-west-1-050779347855",
            "bucket_domain_name": "elasticbeanstalk-us-gov-west-1-050779347855.s3.amazonaws.com",
            "bucket_prefix": "",
            "bucket_regional_domain_name": "elasticbeanstalk-us-gov-west-1-050779347855.s3.us-gov-west-1.amazonaws.com",
            "cors_rule": [],
            "force_destroy": null,
            "grant": [
              {
                "id": "f679232f4e244ced0a2163c17193f4dbc89477905331fa2752f722c71ca25b06",
                "permissions": [
                  "FULL_CONTROL"
                ],
                "type": "CanonicalUser",
                "uri": ""
              }
            ],
            "hosted_zone_id": "Z31GFT0UA1I2HV",
            "id": "elasticbeanstalk-us-gov-west-1-050779347855",
            "lifecycle_rule": [],
            "logging": [],
            "object_lock_configuration": [],
            "object_lock_enabled": false,
            "policy": "{\"Statement\":[{\"Action\":\"s3:DeleteBucket\",\"Effect\":\"Deny\",\"Principal\":{\"AWS\":\"*\"},\"Resource\":\"arn:aws-us-gov:s3:::elasticbeanstalk-us-gov-west-1-050779347855\",\"Sid\":\"eb-58950a8c-feb6-11e2-89e0-0800277d041b\"},{\"Action\":[\"s3:ListBucket\",\"s3:ListBucketVersions\",\"s3:GetObject\",\"s3:GetObjectVersion\"],\"Effect\":\"Allow\",\"Principal\":{\"AWS\":[\"arn:aws-us-gov:iam::050779347855:role/web-app-market-service\",\"arn:aws-us-gov:iam::050779347855:role/web-app-identity-service\",\"arn:aws-us-gov:iam::050779347855:role/web-app-book-service\",\"arn:aws-us-gov:iam::050779347855:role/web-app-mobile-client-gateway\",\"arn:aws-us-gov:iam::050779347855:role/web-app-test-web-service\",\"arn:aws-us-gov:iam::050779347855:role/web-app-form-service\",\"arn:aws-us-gov:iam::050779347855:role/internal-services-gateway\",\"arn:aws-us-gov:iam::050779347855:role/services-gateway\",\"arn:aws-us-gov:iam::050779347855:role/web-app-gateway\",\"arn:aws-us-gov:iam::050779347855:role/web-app-collaboration-person-service\",\"arn:aws-us-gov:iam::050779347855:role/web-app-dbt-clinician-web\"]},\"Resource\":[\"arn:aws-us-gov:s3:::elasticbeanstalk-us-gov-west-1-050779347855\",\"arn:aws-us-gov:s3:::elasticbeanstalk-us-gov-west-1-050779347855/resources/environments/*\"],\"Sid\":\"eb-af163bf3-d27b-4712-b795-d1e33e331ca4\"}],\"Version\":\"2008-10-17\"}",
            "region": "us-gov-west-1",
            "replication_configuration": [],
            "request_payer": "BucketOwner",
            "server_side_encryption_configuration": [
              {
                "rule": [
                  {
                    "apply_server_side_encryption_by_default": [
                      {
                        "kms_master_key_id": "",
                        "sse_algorithm": "AES256"
                      }
                    ],
                    "bucket_key_enabled": false
                  }
                ]
              }
            ],
            "tags": {},
            "tags_all": {},
            "timeouts": null,
            "versioning": [
              {
                "enabled": false,
                "mfa_delete": false
              }
            ],
            "website": [],
            "website_domain": null,
            "website_endpoint": null
          },
          "sensitive_attributes": []
        }
      ]
    },
    {
      "mode": "managed",
      "type": "aws_s3_bucket",
      "name": "vpc_flowlogs_050779347855_vpc_0bd9acb7990b4154d",
      "provider": "provider[\"registry.terraform.io/hashicorp/aws\"]",
      "instances": [
        {
          "schema_version": 0,
          "attributes": {
            "acceleration_status": null,
            "acl": null,
            "arn": "arn:aws-us-gov:s3:::vpc-flowlogs-050779347855-vpc-0bd9acb7990b4154d",
            "bucket": "vpc-flowlogs-050779347855-vpc-0bd9acb7990b4154d",
            "bucket_domain_name": "vpc-flowlogs-050779347855-vpc-0bd9acb7990b4154d.s3.amazonaws.com",
            "bucket_prefix": "",
            "bucket_regional_domain_name": "vpc-flowlogs-050779347855-vpc-0bd9acb7990b4154d.s3.us-gov-west-1.amazonaws.com",
            "cors_rule": [],
            "force_destroy": null,
            "grant": [
              {
                "id": "f679232f4e244ced0a2163c17193f4dbc89477905331fa2752f722c71ca25b06",
                "permissions": [
                  "FULL_CONTROL"
                ],
                "type": "CanonicalUser",
                "uri": ""
              }
            ],
            "hosted_zone_id": "Z31GFT0UA1I2HV",
            "id": "vpc-flowlogs-050779347855-vpc-0bd9acb7990b4154d",
            "lifecycle_rule": [
              {
                "abort_incomplete_multipart_upload_days": 0,
                "enabled": true,
                "expiration": [],
                "id": "ZTk4NWNiOGQtNDRlYi00NDY0LTliZTctYzcxZTUzMDNkMTQy",
                "noncurrent_version_expiration": [],
                "noncurrent_version_transition": [],
                "prefix": "",
                "tags": {},
                "transition": [
                  {
                    "date": "",
                    "days": 30,
                    "storage_class": "STANDARD_IA"
                  },
                  {
                    "date": "",
                    "days": 60,
                    "storage_class": "GLACIER"
                  }
                ]
              }
            ],
            "logging": [],
            "object_lock_configuration": [],
            "object_lock_enabled": false,
            "policy": "{\"Statement\":[{\"Action\":\"s3:PutObject\",\"Condition\":{\"StringEquals\":{\"s3:x-amz-acl\":\"bucket-owner-full-control\"}},\"Effect\":\"Allow\",\"Principal\":{\"Service\":\"delivery.logs.amazonaws.com\"},\"Resource\":\"arn:aws-us-gov:s3:::vpc-flowlogs-050779347855-vpc-0bd9acb7990b4154d/*\",\"Sid\":\"AWSLogDeliveryWrite\"},{\"Action\":\"s3:GetBucketAcl\",\"Effect\":\"Allow\",\"Principal\":{\"Service\":\"delivery.logs.amazonaws.com\"},\"Resource\":\"arn:aws-us-gov:s3:::vpc-flowlogs-050779347855-vpc-0bd9acb7990b4154d\",\"Sid\":\"AWSLogDeliveryAclCheck\"}],\"Version\":\"2012-10-17\"}",
            "region": "us-gov-west-1",
            "replication_configuration": [],
            "request_payer": "BucketOwner",
            "server_side_encryption_configuration": [
              {
                "rule": [
                  {
                    "apply_server_side_encryption_by_default": [
                      {
                        "kms_master_key_id": "",
                        "sse_algorithm": "AES256"
                      }
                    ],
                    "bucket_key_enabled": false
                  }
                ]
              }
            ],
            "tags": {
              "Name": "Production"
            },
            "tags_all": {
              "Name": "Production"
            },
            "timeouts": null,
            "versioning": [
              {
                "enabled": false,
                "mfa_delete": false
              }
            ],
            "website": [],
            "website_domain": null,
            "website_endpoint": null
          },
          "sensitive_attributes": []
        }
      ]
    },
    {
      "mode": "managed",
      "type": "aws_s3_bucket",
      "name": "vpc_flowlogs_050779347855_vpc_0f662451df9954b4c",
      "provider": "provider[\"registry.terraform.io/hashicorp/aws\"]",
      "instances": [
        {
          "schema_version": 0,
          "attributes": {
            "acceleration_status": null,
            "acl": null,
            "arn": "arn:aws-us-gov:s3:::vpc-flowlogs-050779347855-vpc-0f662451df9954b4c",
            "bucket": "vpc-flowlogs-050779347855-vpc-0f662451df9954b4c",
            "bucket_domain_name": "vpc-flowlogs-050779347855-vpc-0f662451df9954b4c.s3.amazonaws.com",
            "bucket_prefix": "",
            "bucket_regional_domain_name": "vpc-flowlogs-050779347855-vpc-0f662451df9954b4c.s3.us-gov-west-1.amazonaws.com",
            "cors_rule": [],
            "force_destroy": null,
            "grant": [
              {
                "id": "f679232f4e244ced0a2163c17193f4dbc89477905331fa2752f722c71ca25b06",
                "permissions": [
                  "FULL_CONTROL"
                ],
                "type": "CanonicalUser",
                "uri": ""
              }
            ],
            "hosted_zone_id": "Z31GFT0UA1I2HV",
            "id": "vpc-flowlogs-050779347855-vpc-0f662451df9954b4c",
            "lifecycle_rule": [
              {
                "abort_incomplete_multipart_upload_days": 0,
                "enabled": true,
                "expiration": [],
                "id": "YzUzNmQxMTgtMTUyMS00ZTQ3LTgyMDEtZmE5Mzc5OTM1Mjkx",
                "noncurrent_version_expiration": [],
                "noncurrent_version_transition": [],
                "prefix": "",
                "tags": {},
                "transition": [
                  {
                    "date": "",
                    "days": 30,
                    "storage_class": "STANDARD_IA"
                  },
                  {
                    "date": "",
                    "days": 60,
                    "storage_class": "GLACIER"
                  }
                ]
              }
            ],
            "logging": [],
            "object_lock_configuration": [],
            "object_lock_enabled": false,
            "policy": "",
            "region": "us-gov-west-1",
            "replication_configuration": [],
            "request_payer": "BucketOwner",
            "server_side_encryption_configuration": [
              {
                "rule": [
                  {
                    "apply_server_side_encryption_by_default": [
                      {
                        "kms_master_key_id": "",
                        "sse_algorithm": "AES256"
                      }
                    ],
                    "bucket_key_enabled": false
                  }
                ]
              }
            ],
            "tags": {
              "Name": "Production"
            },
            "tags_all": {
              "Name": "Production"
            },
            "timeouts": null,
            "versioning": [
              {
                "enabled": false,
                "mfa_delete": false
              }
            ],
            "website": [],
            "website_domain": null,
            "website_endpoint": null
          },
          "sensitive_attributes": []
        }
      ]
    },
    {
      "mode": "managed",
      "type": "aws_s3_bucket_acl",
      "name": "allogy_gov_bundles",
      "provider": "provider[\"registry.terraform.io/hashicorp/aws\"]",
      "instances": [
        {
          "schema_version": 0,
          "attributes": {
            "access_control_policy": [
              {
                "grant": [
                  {
                    "grantee": [
                      {
                        "display_name": "",
                        "email_address": "",
                        "id": "f679232f4e244ced0a2163c17193f4dbc89477905331fa2752f722c71ca25b06",
                        "type": "CanonicalUser",
                        "uri": ""
                      }
                    ],
                    "permission": "FULL_CONTROL"
                  }
                ],
                "owner": [
                  {
                    "display_name": "",
                    "id": "f679232f4e244ced0a2163c17193f4dbc89477905331fa2752f722c71ca25b06"
                  }
                ]
              }
            ],
            "acl": "",
            "bucket": "allogy-gov-bundles",
            "expected_bucket_owner": "",
            "id": "allogy-gov-bundles"
          },
          "sensitive_attributes": []
        }
      ]
    },
    {
      "mode": "managed",
      "type": "aws_s3_bucket_acl",
      "name": "allogy_gov_cloudformation_files",
      "provider": "provider[\"registry.terraform.io/hashicorp/aws\"]",
      "instances": [
        {
          "schema_version": 0,
          "attributes": {
            "access_control_policy": [
              {
                "grant": [
                  {
                    "grantee": [
                      {
                        "display_name": "",
                        "email_address": "",
                        "id": "f679232f4e244ced0a2163c17193f4dbc89477905331fa2752f722c71ca25b06",
                        "type": "CanonicalUser",
                        "uri": ""
                      }
                    ],
                    "permission": "FULL_CONTROL"
                  }
                ],
                "owner": [
                  {
                    "display_name": "",
                    "id": "f679232f4e244ced0a2163c17193f4dbc89477905331fa2752f722c71ca25b06"
                  }
                ]
              }
            ],
            "acl": "",
            "bucket": "allogy-gov-cloudformation-files",
            "expected_bucket_owner": "",
            "id": "allogy-gov-cloudformation-files"
          },
          "sensitive_attributes": []
        }
      ]
    },
    {
      "mode": "managed",
      "type": "aws_s3_bucket_acl",
      "name": "allogy_gov_contents",
      "provider": "provider[\"registry.terraform.io/hashicorp/aws\"]",
      "instances": [
        {
          "schema_version": 0,
          "attributes": {
            "access_control_policy": [
              {
                "grant": [
                  {
                    "grantee": [
                      {
                        "display_name": "",
                        "email_address": "",
                        "id": "f679232f4e244ced0a2163c17193f4dbc89477905331fa2752f722c71ca25b06",
                        "type": "CanonicalUser",
                        "uri": ""
                      }
                    ],
                    "permission": "FULL_CONTROL"
                  }
                ],
                "owner": [
                  {
                    "display_name": "",
                    "id": "f679232f4e244ced0a2163c17193f4dbc89477905331fa2752f722c71ca25b06"
                  }
                ]
              }
            ],
            "acl": "",
            "bucket": "allogy-gov-contents",
            "expected_bucket_owner": "",
            "id": "allogy-gov-contents"
          },
          "sensitive_attributes": []
        }
      ]
    },
    {
      "mode": "managed",
      "type": "aws_s3_bucket_acl",
      "name": "allogy_gov_creator_web_ui",
      "provider": "provider[\"registry.terraform.io/hashicorp/aws\"]",
      "instances": [
        {
          "schema_version": 0,
          "attributes": {
            "access_control_policy": [
              {
                "grant": [
                  {
                    "grantee": [
                      {
                        "display_name": "",
                        "email_address": "",
                        "id": "f679232f4e244ced0a2163c17193f4dbc89477905331fa2752f722c71ca25b06",
                        "type": "CanonicalUser",
                        "uri": ""
                      }
                    ],
                    "permission": "FULL_CONTROL"
                  }
                ],
                "owner": [
                  {
                    "display_name": "",
                    "id": "f679232f4e244ced0a2163c17193f4dbc89477905331fa2752f722c71ca25b06"
                  }
                ]
              }
            ],
            "acl": "",
            "bucket": "allogy-gov-creator-web-ui",
            "expected_bucket_owner": "",
            "id": "allogy-gov-creator-web-ui"
          },
          "sensitive_attributes": []
        }
      ]
    },
    {
      "mode": "managed",
      "type": "aws_s3_bucket_acl",
      "name": "allogy_gov_email",
      "provider": "provider[\"registry.terraform.io/hashicorp/aws\"]",
      "instances": [
        {
          "schema_version": 0,
          "attributes": {
            "access_control_policy": [
              {
                "grant": [
                  {
                    "grantee": [
                      {
                        "display_name": "",
                        "email_address": "",
                        "id": "f679232f4e244ced0a2163c17193f4dbc89477905331fa2752f722c71ca25b06",
                        "type": "CanonicalUser",
                        "uri": ""
                      }
                    ],
                    "permission": "FULL_CONTROL"
                  }
                ],
                "owner": [
                  {
                    "display_name": "",
                    "id": "f679232f4e244ced0a2163c17193f4dbc89477905331fa2752f722c71ca25b06"
                  }
                ]
              }
            ],
            "acl": "",
            "bucket": "allogy-gov-email",
            "expected_bucket_owner": "",
            "id": "allogy-gov-email"
          },
          "sensitive_attributes": []
        }
      ]
    },
    {
      "mode": "managed",
      "type": "aws_s3_bucket_acl",
      "name": "allogy_gov_instructor_web_ui",
      "provider": "provider[\"registry.terraform.io/hashicorp/aws\"]",
      "instances": [
        {
          "schema_version": 0,
          "attributes": {
            "access_control_policy": [
              {
                "grant": [
                  {
                    "grantee": [
                      {
                        "display_name": "",
                        "email_address": "",
                        "id": "f679232f4e244ced0a2163c17193f4dbc89477905331fa2752f722c71ca25b06",
                        "type": "CanonicalUser",
                        "uri": ""
                      }
                    ],
                    "permission": "FULL_CONTROL"
                  }
                ],
                "owner": [
                  {
                    "display_name": "",
                    "id": "f679232f4e244ced0a2163c17193f4dbc89477905331fa2752f722c71ca25b06"
                  }
                ]
              }
            ],
            "acl": "",
            "bucket": "allogy-gov-instructor-web-ui",
            "expected_bucket_owner": "",
            "id": "allogy-gov-instructor-web-ui"
          },
          "sensitive_attributes": []
        }
      ]
    },
    {
      "mode": "managed",
      "type": "aws_s3_bucket_acl",
      "name": "allogy_gov_integration_test",
      "provider": "provider[\"registry.terraform.io/hashicorp/aws\"]",
      "instances": [
        {
          "schema_version": 0,
          "attributes": {
            "access_control_policy": [
              {
                "grant": [
                  {
                    "grantee": [
                      {
                        "display_name": "",
                        "email_address": "",
                        "id": "f679232f4e244ced0a2163c17193f4dbc89477905331fa2752f722c71ca25b06",
                        "type": "CanonicalUser",
                        "uri": ""
                      }
                    ],
                    "permission": "FULL_CONTROL"
                  }
                ],
                "owner": [
                  {
                    "display_name": "",
                    "id": "f679232f4e244ced0a2163c17193f4dbc89477905331fa2752f722c71ca25b06"
                  }
                ]
              }
            ],
            "acl": "",
            "bucket": "allogy-gov-integration-test",
            "expected_bucket_owner": "",
            "id": "allogy-gov-integration-test"
          },
          "sensitive_attributes": []
        }
      ]
    },
    {
      "mode": "managed",
      "type": "aws_s3_bucket_acl",
      "name": "allogy_gov_integration_test_public",
      "provider": "provider[\"registry.terraform.io/hashicorp/aws\"]",
      "instances": [
        {
          "schema_version": 0,
          "attributes": {
            "access_control_policy": [
              {
                "grant": [
                  {
                    "grantee": [
                      {
                        "display_name": "",
                        "email_address": "",
                        "id": "f679232f4e244ced0a2163c17193f4dbc89477905331fa2752f722c71ca25b06",
                        "type": "CanonicalUser",
                        "uri": ""
                      }
                    ],
                    "permission": "FULL_CONTROL"
                  }
                ],
                "owner": [
                  {
                    "display_name": "",
                    "id": "f679232f4e244ced0a2163c17193f4dbc89477905331fa2752f722c71ca25b06"
                  }
                ]
              }
            ],
            "acl": "",
            "bucket": "allogy-gov-integration-test-public",
            "expected_bucket_owner": "",
            "id": "allogy-gov-integration-test-public"
          },
          "sensitive_attributes": []
        }
      ]
    },
    {
      "mode": "managed",
      "type": "aws_s3_bucket_acl",
      "name": "allogy_gov_learner_web_ui",
      "provider": "provider[\"registry.terraform.io/hashicorp/aws\"]",
      "instances": [
        {
          "schema_version": 0,
          "attributes": {
            "access_control_policy": [
              {
                "grant": [
                  {
                    "grantee": [
                      {
                        "display_name": "",
                        "email_address": "",
                        "id": "f679232f4e244ced0a2163c17193f4dbc89477905331fa2752f722c71ca25b06",
                        "type": "CanonicalUser",
                        "uri": ""
                      }
                    ],
                    "permission": "FULL_CONTROL"
                  }
                ],
                "owner": [
                  {
                    "display_name": "",
                    "id": "f679232f4e244ced0a2163c17193f4dbc89477905331fa2752f722c71ca25b06"
                  }
                ]
              }
            ],
            "acl": "",
            "bucket": "allogy-gov-learner-web-ui",
            "expected_bucket_owner": "",
            "id": "allogy-gov-learner-web-ui"
          },
          "sensitive_attributes": []
        }
      ]
    },
    {
      "mode": "managed",
      "type": "aws_s3_bucket_acl",
      "name": "allogy_gov_learning_image",
      "provider": "provider[\"registry.terraform.io/hashicorp/aws\"]",
      "instances": [
        {
          "schema_version": 0,
          "attributes": {
            "access_control_policy": [
              {
                "grant": [
                  {
                    "grantee": [
                      {
                        "display_name": "",
                        "email_address": "",
                        "id": "f679232f4e244ced0a2163c17193f4dbc89477905331fa2752f722c71ca25b06",
                        "type": "CanonicalUser",
                        "uri": ""
                      }
                    ],
                    "permission": "FULL_CONTROL"
                  }
                ],
                "owner": [
                  {
                    "display_name": "",
                    "id": "f679232f4e244ced0a2163c17193f4dbc89477905331fa2752f722c71ca25b06"
                  }
                ]
              }
            ],
            "acl": "",
            "bucket": "allogy-gov-learning-image",
            "expected_bucket_owner": "",
            "id": "allogy-gov-learning-image"
          },
          "sensitive_attributes": []
        }
      ]
    },
    {
      "mode": "managed",
      "type": "aws_s3_bucket_acl",
      "name": "allogy_gov_learning_image_distribution",
      "provider": "provider[\"registry.terraform.io/hashicorp/aws\"]",
      "instances": [
        {
          "schema_version": 0,
          "attributes": {
            "access_control_policy": [
              {
                "grant": [
                  {
                    "grantee": [
                      {
                        "display_name": "",
                        "email_address": "",
                        "id": "f679232f4e244ced0a2163c17193f4dbc89477905331fa2752f722c71ca25b06",
                        "type": "CanonicalUser",
                        "uri": ""
                      }
                    ],
                    "permission": "FULL_CONTROL"
                  }
                ],
                "owner": [
                  {
                    "display_name": "",
                    "id": "f679232f4e244ced0a2163c17193f4dbc89477905331fa2752f722c71ca25b06"
                  }
                ]
              }
            ],
            "acl": "",
            "bucket": "allogy-gov-learning-image-distribution",
            "expected_bucket_owner": "",
            "id": "allogy-gov-learning-image-distribution"
          },
          "sensitive_attributes": []
        }
      ]
    },
    {
      "mode": "managed",
      "type": "aws_s3_bucket_acl",
      "name": "allogy_gov_learning_media",
      "provider": "provider[\"registry.terraform.io/hashicorp/aws\"]",
      "instances": [
        {
          "schema_version": 0,
          "attributes": {
            "access_control_policy": [
              {
                "grant": [
                  {
                    "grantee": [
                      {
                        "display_name": "",
                        "email_address": "",
                        "id": "f679232f4e244ced0a2163c17193f4dbc89477905331fa2752f722c71ca25b06",
                        "type": "CanonicalUser",
                        "uri": ""
                      }
                    ],
                    "permission": "FULL_CONTROL"
                  }
                ],
                "owner": [
                  {
                    "display_name": "",
                    "id": "f679232f4e244ced0a2163c17193f4dbc89477905331fa2752f722c71ca25b06"
                  }
                ]
              }
            ],
            "acl": "",
            "bucket": "allogy-gov-learning-media",
            "expected_bucket_owner": "",
            "id": "allogy-gov-learning-media"
          },
          "sensitive_attributes": []
        }
      ]
    },
    {
      "mode": "managed",
      "type": "aws_s3_bucket_acl",
      "name": "allogy_gov_learning_media_distribution",
      "provider": "provider[\"registry.terraform.io/hashicorp/aws\"]",
      "instances": [
        {
          "schema_version": 0,
          "attributes": {
            "access_control_policy": [
              {
                "grant": [
                  {
                    "grantee": [
                      {
                        "display_name": "",
                        "email_address": "",
                        "id": "f679232f4e244ced0a2163c17193f4dbc89477905331fa2752f722c71ca25b06",
                        "type": "CanonicalUser",
                        "uri": ""
                      }
                    ],
                    "permission": "FULL_CONTROL"
                  }
                ],
                "owner": [
                  {
                    "display_name": "",
                    "id": "f679232f4e244ced0a2163c17193f4dbc89477905331fa2752f722c71ca25b06"
                  }
                ]
              }
            ],
            "acl": "",
            "bucket": "allogy-gov-learning-media-distribution",
            "expected_bucket_owner": "",
            "id": "allogy-gov-learning-media-distribution"
          },
          "sensitive_attributes": []
        }
      ]
    },
    {
      "mode": "managed",
      "type": "aws_s3_bucket_acl",
      "name": "allogy_gov_learning_pdf",
      "provider": "provider[\"registry.terraform.io/hashicorp/aws\"]",
      "instances": [
        {
          "schema_version": 0,
          "attributes": {
            "access_control_policy": [
              {
                "grant": [
                  {
                    "grantee": [
                      {
                        "display_name": "",
                        "email_address": "",
                        "id": "f679232f4e244ced0a2163c17193f4dbc89477905331fa2752f722c71ca25b06",
                        "type": "CanonicalUser",
                        "uri": ""
                      }
                    ],
                    "permission": "FULL_CONTROL"
                  }
                ],
                "owner": [
                  {
                    "display_name": "",
                    "id": "f679232f4e244ced0a2163c17193f4dbc89477905331fa2752f722c71ca25b06"
                  }
                ]
              }
            ],
            "acl": "",
            "bucket": "allogy-gov-learning-pdf",
            "expected_bucket_owner": "",
            "id": "allogy-gov-learning-pdf"
          },
          "sensitive_attributes": []
        }
      ]
    },
    {
      "mode": "managed",
      "type": "aws_s3_bucket_acl",
      "name": "allogy_gov_market_service",
      "provider": "provider[\"registry.terraform.io/hashicorp/aws\"]",
      "instances": [
        {
          "schema_version": 0,
          "attributes": {
            "access_control_policy": [
              {
                "grant": [
                  {
                    "grantee": [
                      {
                        "display_name": "",
                        "email_address": "",
                        "id": "f679232f4e244ced0a2163c17193f4dbc89477905331fa2752f722c71ca25b06",
                        "type": "CanonicalUser",
                        "uri": ""
                      }
                    ],
                    "permission": "FULL_CONTROL"
                  }
                ],
                "owner": [
                  {
                    "display_name": "",
                    "id": "f679232f4e244ced0a2163c17193f4dbc89477905331fa2752f722c71ca25b06"
                  }
                ]
              }
            ],
            "acl": "",
            "bucket": "allogy-gov-market-service",
            "expected_bucket_owner": "",
            "id": "allogy-gov-market-service"
          },
          "sensitive_attributes": []
        }
      ]
    },
    {
      "mode": "managed",
      "type": "aws_s3_bucket_acl",
      "name": "allogy_gov_person_images_scaled",
      "provider": "provider[\"registry.terraform.io/hashicorp/aws\"]",
      "instances": [
        {
          "schema_version": 0,
          "attributes": {
            "access_control_policy": [
              {
                "grant": [
                  {
                    "grantee": [
                      {
                        "display_name": "",
                        "email_address": "",
                        "id": "f679232f4e244ced0a2163c17193f4dbc89477905331fa2752f722c71ca25b06",
                        "type": "CanonicalUser",
                        "uri": ""
                      }
                    ],
                    "permission": "FULL_CONTROL"
                  }
                ],
                "owner": [
                  {
                    "display_name": "",
                    "id": "f679232f4e244ced0a2163c17193f4dbc89477905331fa2752f722c71ca25b06"
                  }
                ]
              }
            ],
            "acl": "",
            "bucket": "allogy-gov-person-images-scaled",
            "expected_bucket_owner": "",
            "id": "allogy-gov-person-images-scaled"
          },
          "sensitive_attributes": []
        }
      ]
    },
    {
      "mode": "managed",
      "type": "aws_s3_bucket_acl",
      "name": "allogy_gov_person_images_upload",
      "provider": "provider[\"registry.terraform.io/hashicorp/aws\"]",
      "instances": [
        {
          "schema_version": 0,
          "attributes": {
            "access_control_policy": [
              {
                "grant": [
                  {
                    "grantee": [
                      {
                        "display_name": "",
                        "email_address": "",
                        "id": "f679232f4e244ced0a2163c17193f4dbc89477905331fa2752f722c71ca25b06",
                        "type": "CanonicalUser",
                        "uri": ""
                      }
                    ],
                    "permission": "FULL_CONTROL"
                  }
                ],
                "owner": [
                  {
                    "display_name": "",
                    "id": "f679232f4e244ced0a2163c17193f4dbc89477905331fa2752f722c71ca25b06"
                  }
                ]
              }
            ],
            "acl": "",
            "bucket": "allogy-gov-person-images-upload",
            "expected_bucket_owner": "",
            "id": "allogy-gov-person-images-upload"
          },
          "sensitive_attributes": []
        }
      ]
    },
    {
      "mode": "managed",
      "type": "aws_s3_bucket_acl",
      "name": "allogy_gov_tenant_admin_web_ui",
      "provider": "provider[\"registry.terraform.io/hashicorp/aws\"]",
      "instances": [
        {
          "schema_version": 0,
          "attributes": {
            "access_control_policy": [
              {
                "grant": [
                  {
                    "grantee": [
                      {
                        "display_name": "",
                        "email_address": "",
                        "id": "f679232f4e244ced0a2163c17193f4dbc89477905331fa2752f722c71ca25b06",
                        "type": "CanonicalUser",
                        "uri": ""
                      }
                    ],
                    "permission": "FULL_CONTROL"
                  }
                ],
                "owner": [
                  {
                    "display_name": "",
                    "id": "f679232f4e244ced0a2163c17193f4dbc89477905331fa2752f722c71ca25b06"
                  }
                ]
              }
            ],
            "acl": "",
            "bucket": "allogy-gov-tenant-admin-web-ui",
            "expected_bucket_owner": "",
            "id": "allogy-gov-tenant-admin-web-ui"
          },
          "sensitive_attributes": []
        }
      ]
    },
    {
      "mode": "managed",
      "type": "aws_s3_bucket_acl",
      "name": "allogy_gov_tenant_configurations",
      "provider": "provider[\"registry.terraform.io/hashicorp/aws\"]",
      "instances": [
        {
          "schema_version": 0,
          "attributes": {
            "access_control_policy": [
              {
                "grant": [
                  {
                    "grantee": [
                      {
                        "display_name": "",
                        "email_address": "",
                        "id": "f679232f4e244ced0a2163c17193f4dbc89477905331fa2752f722c71ca25b06",
                        "type": "CanonicalUser",
                        "uri": ""
                      }
                    ],
                    "permission": "FULL_CONTROL"
                  }
                ],
                "owner": [
                  {
                    "display_name": "",
                    "id": "f679232f4e244ced0a2163c17193f4dbc89477905331fa2752f722c71ca25b06"
                  }
                ]
              }
            ],
            "acl": "",
            "bucket": "allogy-gov-tenant-configurations",
            "expected_bucket_owner": "",
            "id": "allogy-gov-tenant-configurations"
          },
          "sensitive_attributes": []
        }
      ]
    },
    {
      "mode": "managed",
      "type": "aws_s3_bucket_acl",
      "name": "allogy_gov_web_services",
      "provider": "provider[\"registry.terraform.io/hashicorp/aws\"]",
      "instances": [
        {
          "schema_version": 0,
          "attributes": {
            "access_control_policy": [
              {
                "grant": [
                  {
                    "grantee": [
                      {
                        "display_name": "",
                        "email_address": "",
                        "id": "f679232f4e244ced0a2163c17193f4dbc89477905331fa2752f722c71ca25b06",
                        "type": "CanonicalUser",
                        "uri": ""
                      }
                    ],
                    "permission": "FULL_CONTROL"
                  }
                ],
                "owner": [
                  {
                    "display_name": "",
                    "id": "f679232f4e244ced0a2163c17193f4dbc89477905331fa2752f722c71ca25b06"
                  }
                ]
              }
            ],
            "acl": "",
            "bucket": "allogy-gov-web-services",
            "expected_bucket_owner": "",
            "id": "allogy-gov-web-services"
          },
          "sensitive_attributes": []
        }
      ]
    },
    {
      "mode": "managed",
      "type": "aws_s3_bucket_acl",
      "name": "allogy_govcloud_import",
      "provider": "provider[\"registry.terraform.io/hashicorp/aws\"]",
      "instances": [
        {
          "schema_version": 0,
          "attributes": {
            "access_control_policy": [
              {
                "grant": [
                  {
                    "grantee": [
                      {
                        "display_name": "",
                        "email_address": "",
                        "id": "f679232f4e244ced0a2163c17193f4dbc89477905331fa2752f722c71ca25b06",
                        "type": "CanonicalUser",
                        "uri": ""
                      }
                    ],
                    "permission": "FULL_CONTROL"
                  }
                ],
                "owner": [
                  {
                    "display_name": "",
                    "id": "f679232f4e244ced0a2163c17193f4dbc89477905331fa2752f722c71ca25b06"
                  }
                ]
              }
            ],
            "acl": "",
            "bucket": "allogy-govcloud-import",
            "expected_bucket_owner": "",
            "id": "allogy-govcloud-import"
          },
          "sensitive_attributes": []
        }
      ]
    },
    {
      "mode": "managed",
      "type": "aws_s3_bucket_acl",
      "name": "aws_glue_assets_050779347855_us_gov_west_1",
      "provider": "provider[\"registry.terraform.io/hashicorp/aws\"]",
      "instances": [
        {
          "schema_version": 0,
          "attributes": {
            "access_control_policy": [
              {
                "grant": [
                  {
                    "grantee": [
                      {
                        "display_name": "",
                        "email_address": "",
                        "id": "f679232f4e244ced0a2163c17193f4dbc89477905331fa2752f722c71ca25b06",
                        "type": "CanonicalUser",
                        "uri": ""
                      }
                    ],
                    "permission": "FULL_CONTROL"
                  }
                ],
                "owner": [
                  {
                    "display_name": "",
                    "id": "f679232f4e244ced0a2163c17193f4dbc89477905331fa2752f722c71ca25b06"
                  }
                ]
              }
            ],
            "acl": "",
            "bucket": "aws-glue-assets-050779347855-us-gov-west-1",
            "expected_bucket_owner": "",
            "id": "aws-glue-assets-050779347855-us-gov-west-1"
          },
          "sensitive_attributes": []
        }
      ]
    },
    {
      "mode": "managed",
      "type": "aws_s3_bucket_acl",
      "name": "aws_glue_scripts_050779347855_us_gov_west_1",
      "provider": "provider[\"registry.terraform.io/hashicorp/aws\"]",
      "instances": [
        {
          "schema_version": 0,
          "attributes": {
            "access_control_policy": [
              {
                "grant": [
                  {
                    "grantee": [
                      {
                        "display_name": "",
                        "email_address": "",
                        "id": "f679232f4e244ced0a2163c17193f4dbc89477905331fa2752f722c71ca25b06",
                        "type": "CanonicalUser",
                        "uri": ""
                      }
                    ],
                    "permission": "FULL_CONTROL"
                  }
                ],
                "owner": [
                  {
                    "display_name": "",
                    "id": "f679232f4e244ced0a2163c17193f4dbc89477905331fa2752f722c71ca25b06"
                  }
                ]
              }
            ],
            "acl": "",
            "bucket": "aws-glue-scripts-050779347855-us-gov-west-1",
            "expected_bucket_owner": "",
            "id": "aws-glue-scripts-050779347855-us-gov-west-1"
          },
          "sensitive_attributes": []
        }
      ]
    },
    {
      "mode": "managed",
      "type": "aws_s3_bucket_acl",
      "name": "aws_glue_temporary_050779347855_us_gov_west_1",
      "provider": "provider[\"registry.terraform.io/hashicorp/aws\"]",
      "instances": [
        {
          "schema_version": 0,
          "attributes": {
            "access_control_policy": [
              {
                "grant": [
                  {
                    "grantee": [
                      {
                        "display_name": "",
                        "email_address": "",
                        "id": "f679232f4e244ced0a2163c17193f4dbc89477905331fa2752f722c71ca25b06",
                        "type": "CanonicalUser",
                        "uri": ""
                      }
                    ],
                    "permission": "FULL_CONTROL"
                  }
                ],
                "owner": [
                  {
                    "display_name": "",
                    "id": "f679232f4e244ced0a2163c17193f4dbc89477905331fa2752f722c71ca25b06"
                  }
                ]
              }
            ],
            "acl": "",
            "bucket": "aws-glue-temporary-050779347855-us-gov-west-1",
            "expected_bucket_owner": "",
            "id": "aws-glue-temporary-050779347855-us-gov-west-1"
          },
          "sensitive_attributes": []
        }
      ]
    },
    {
      "mode": "managed",
      "type": "aws_s3_bucket_acl",
      "name": "cf_templates_1bohskxf0k9l4_us_gov_west_1",
      "provider": "provider[\"registry.terraform.io/hashicorp/aws\"]",
      "instances": [
        {
          "schema_version": 0,
          "attributes": {
            "access_control_policy": [
              {
                "grant": [
                  {
                    "grantee": [
                      {
                        "display_name": "",
                        "email_address": "",
                        "id": "f679232f4e244ced0a2163c17193f4dbc89477905331fa2752f722c71ca25b06",
                        "type": "CanonicalUser",
                        "uri": ""
                      }
                    ],
                    "permission": "FULL_CONTROL"
                  }
                ],
                "owner": [
                  {
                    "display_name": "",
                    "id": "f679232f4e244ced0a2163c17193f4dbc89477905331fa2752f722c71ca25b06"
                  }
                ]
              }
            ],
            "acl": "",
            "bucket": "cf-templates-1bohskxf0k9l4-us-gov-west-1",
            "expected_bucket_owner": "",
            "id": "cf-templates-1bohskxf0k9l4-us-gov-west-1"
          },
          "sensitive_attributes": []
        }
      ]
    },
    {
      "mode": "managed",
      "type": "aws_s3_bucket_acl",
      "name": "elasticbeanstalk_us_gov_west_1_050779347855",
      "provider": "provider[\"registry.terraform.io/hashicorp/aws\"]",
      "instances": [
        {
          "schema_version": 0,
          "attributes": {
            "access_control_policy": [
              {
                "grant": [
                  {
                    "grantee": [
                      {
                        "display_name": "",
                        "email_address": "",
                        "id": "f679232f4e244ced0a2163c17193f4dbc89477905331fa2752f722c71ca25b06",
                        "type": "CanonicalUser",
                        "uri": ""
                      }
                    ],
                    "permission": "FULL_CONTROL"
                  }
                ],
                "owner": [
                  {
                    "display_name": "",
                    "id": "f679232f4e244ced0a2163c17193f4dbc89477905331fa2752f722c71ca25b06"
                  }
                ]
              }
            ],
            "acl": "",
            "bucket": "elasticbeanstalk-us-gov-west-1-050779347855",
            "expected_bucket_owner": "",
            "id": "elasticbeanstalk-us-gov-west-1-050779347855"
          },
          "sensitive_attributes": []
        }
      ]
    },
    {
      "mode": "managed",
      "type": "aws_s3_bucket_acl",
      "name": "vpc_flowlogs_050779347855_vpc_0bd9acb7990b4154d",
      "provider": "provider[\"registry.terraform.io/hashicorp/aws\"]",
      "instances": [
        {
          "schema_version": 0,
          "attributes": {
            "access_control_policy": [
              {
                "grant": [
                  {
                    "grantee": [
                      {
                        "display_name": "",
                        "email_address": "",
                        "id": "f679232f4e244ced0a2163c17193f4dbc89477905331fa2752f722c71ca25b06",
                        "type": "CanonicalUser",
                        "uri": ""
                      }
                    ],
                    "permission": "FULL_CONTROL"
                  }
                ],
                "owner": [
                  {
                    "display_name": "",
                    "id": "f679232f4e244ced0a2163c17193f4dbc89477905331fa2752f722c71ca25b06"
                  }
                ]
              }
            ],
            "acl": "",
            "bucket": "vpc-flowlogs-050779347855-vpc-0bd9acb7990b4154d",
            "expected_bucket_owner": "",
            "id": "vpc-flowlogs-050779347855-vpc-0bd9acb7990b4154d"
          },
          "sensitive_attributes": []
        }
      ]
    },
    {
      "mode": "managed",
      "type": "aws_s3_bucket_acl",
      "name": "vpc_flowlogs_050779347855_vpc_0f662451df9954b4c",
      "provider": "provider[\"registry.terraform.io/hashicorp/aws\"]",
      "instances": [
        {
          "schema_version": 0,
          "attributes": {
            "access_control_policy": [
              {
                "grant": [
                  {
                    "grantee": [
                      {
                        "display_name": "",
                        "email_address": "",
                        "id": "f679232f4e244ced0a2163c17193f4dbc89477905331fa2752f722c71ca25b06",
                        "type": "CanonicalUser",
                        "uri": ""
                      }
                    ],
                    "permission": "FULL_CONTROL"
                  }
                ],
                "owner": [
                  {
                    "display_name": "",
                    "id": "f679232f4e244ced0a2163c17193f4dbc89477905331fa2752f722c71ca25b06"
                  }
                ]
              }
            ],
            "acl": "",
            "bucket": "vpc-flowlogs-050779347855-vpc-0f662451df9954b4c",
            "expected_bucket_owner": "",
            "id": "vpc-flowlogs-050779347855-vpc-0f662451df9954b4c"
          },
          "sensitive_attributes": []
        }
      ]
    },
    {
      "mode": "managed",
      "type": "aws_s3_bucket_lifecycle_configuration",
      "name": "vpc_flowlogs_050779347855_vpc_0bd9acb7990b4154d",
      "provider": "provider[\"registry.terraform.io/hashicorp/aws\"]",
      "instances": [
        {
          "schema_version": 0,
          "attributes": {
            "bucket": "vpc-flowlogs-050779347855-vpc-0bd9acb7990b4154d",
            "expected_bucket_owner": "",
            "id": "vpc-flowlogs-050779347855-vpc-0bd9acb7990b4154d",
            "rule": [
              {
                "abort_incomplete_multipart_upload": [],
                "expiration": [],
                "filter": [
                  {
                    "and": [],
                    "object_size_greater_than": "",
                    "object_size_less_than": "",
                    "prefix": "",
                    "tag": []
                  }
                ],
                "id": "ZTk4NWNiOGQtNDRlYi00NDY0LTliZTctYzcxZTUzMDNkMTQy",
                "noncurrent_version_expiration": [],
                "noncurrent_version_transition": [],
                "prefix": "",
                "status": "Enabled",
                "transition": [
                  {
                    "date": "",
                    "days": 30,
                    "storage_class": "STANDARD_IA"
                  },
                  {
                    "date": "",
                    "days": 60,
                    "storage_class": "GLACIER"
                  }
                ]
              }
            ]
          },
          "sensitive_attributes": []
        }
      ]
    },
    {
      "mode": "managed",
      "type": "aws_s3_bucket_lifecycle_configuration",
      "name": "vpc_flowlogs_050779347855_vpc_0f662451df9954b4c",
      "provider": "provider[\"registry.terraform.io/hashicorp/aws\"]",
      "instances": [
        {
          "schema_version": 0,
          "attributes": {
            "bucket": "vpc-flowlogs-050779347855-vpc-0f662451df9954b4c",
            "expected_bucket_owner": "",
            "id": "vpc-flowlogs-050779347855-vpc-0f662451df9954b4c",
            "rule": [
              {
                "abort_incomplete_multipart_upload": [],
                "expiration": [],
                "filter": [
                  {
                    "and": [],
                    "object_size_greater_than": "",
                    "object_size_less_than": "",
                    "prefix": "",
                    "tag": []
                  }
                ],
                "id": "YzUzNmQxMTgtMTUyMS00ZTQ3LTgyMDEtZmE5Mzc5OTM1Mjkx",
                "noncurrent_version_expiration": [],
                "noncurrent_version_transition": [],
                "prefix": "",
                "status": "Enabled",
                "transition": [
                  {
                    "date": "",
                    "days": 30,
                    "storage_class": "STANDARD_IA"
                  },
                  {
                    "date": "",
                    "days": 60,
                    "storage_class": "GLACIER"
                  }
                ]
              }
            ]
          },
          "sensitive_attributes": []
        }
      ]
    },
    {
      "mode": "managed",
      "type": "aws_s3_bucket_notification",
      "name": "allogy_gov_bundles",
      "provider": "provider[\"registry.terraform.io/hashicorp/aws\"]",
      "instances": [
        {
          "schema_version": 0,
          "attributes": {
            "bucket": "allogy-gov-bundles",
            "eventbridge": false,
            "id": "allogy-gov-bundles",
            "lambda_function": [
              {
                "events": [
                  "s3:ObjectCreated:*"
                ],
                "filter_prefix": "",
                "filter_suffix": "zip",
                "id": "777672be-fd38-49ba-9a64-945a0851025e",
                "lambda_function_arn": "arn:aws-us-gov:lambda:us-gov-west-1:050779347855:function:learning-bookExtractor-GovCloud"
              }
            ],
            "queue": [],
            "topic": []
          },
          "sensitive_attributes": []
        }
      ]
    },
    {
      "mode": "managed",
      "type": "aws_s3_bucket_notification",
      "name": "allogy_gov_learning_image",
      "provider": "provider[\"registry.terraform.io/hashicorp/aws\"]",
      "instances": [
        {
          "schema_version": 0,
          "attributes": {
            "bucket": "allogy-gov-learning-image",
            "eventbridge": false,
            "id": "allogy-gov-learning-image",
            "lambda_function": [
              {
                "events": [
                  "s3:ObjectCreated:*"
                ],
                "filter_prefix": "",
                "filter_suffix": "",
                "id": "6246df71-ee46-4abf-a8b1-60f2346e77e7",
                "lambda_function_arn": "arn:aws-us-gov:lambda:us-gov-west-1:050779347855:function:learning-image-encoder-function"
              }
            ],
            "queue": [],
            "topic": []
          },
          "sensitive_attributes": []
        }
      ]
    },
    {
      "mode": "managed",
      "type": "aws_s3_bucket_notification",
      "name": "allogy_gov_learning_image_distribution",
      "provider": "provider[\"registry.terraform.io/hashicorp/aws\"]",
      "instances": [
        {
          "schema_version": 0,
          "attributes": {
            "bucket": "allogy-gov-learning-image-distribution",
            "eventbridge": false,
            "id": "allogy-gov-learning-image-distribution",
            "lambda_function": [
              {
                "events": [
                  "s3:ObjectCreated:*"
                ],
                "filter_prefix": "",
                "filter_suffix": "png",
                "id": "85bbd38f-ac0d-45af-bf07-8199c7923a18",
                "lambda_function_arn": "arn:aws-us-gov:lambda:us-gov-west-1:050779347855:function:learning-image-publisher"
              }
            ],
            "queue": [],
            "topic": []
          },
          "sensitive_attributes": []
        }
      ]
    },
    {
      "mode": "managed",
      "type": "aws_s3_bucket_notification",
      "name": "allogy_gov_learning_media",
      "provider": "provider[\"registry.terraform.io/hashicorp/aws\"]",
      "instances": [
        {
          "schema_version": 0,
          "attributes": {
            "bucket": "allogy-gov-learning-media",
            "eventbridge": false,
            "id": "allogy-gov-learning-media",
            "lambda_function": [
              {
                "events": [
                  "s3:ObjectCreated:*"
                ],
                "filter_prefix": "",
                "filter_suffix": "",
                "id": "7d473009-b7f4-4caf-bd74-e0a3b840afb4",
                "lambda_function_arn": "arn:aws-us-gov:lambda:us-gov-west-1:050779347855:function:mediaPublication-publicationTrigger"
              }
            ],
            "queue": [],
            "topic": []
          },
          "sensitive_attributes": []
        }
      ]
    },
    {
      "mode": "managed",
      "type": "aws_s3_bucket_notification",
      "name": "allogy_gov_learning_pdf",
      "provider": "provider[\"registry.terraform.io/hashicorp/aws\"]",
      "instances": [
        {
          "schema_version": 0,
          "attributes": {
            "bucket": "allogy-gov-learning-pdf",
            "eventbridge": false,
            "id": "allogy-gov-learning-pdf",
            "lambda_function": [
              {
                "events": [
                  "s3:ObjectCreated:*"
                ],
                "filter_prefix": "",
                "filter_suffix": "pdf",
                "id": "330e2ea9-fa08-4e3a-b4d6-5b1716669c78",
                "lambda_function_arn": "arn:aws-us-gov:lambda:us-gov-west-1:050779347855:function:learning-processPdf"
              }
            ],
            "queue": [],
            "topic": []
          },
          "sensitive_attributes": []
        }
      ]
    },
    {
      "mode": "managed",
      "type": "aws_s3_bucket_ownership_controls",
      "name": "allogy_gov_cloudformation_files",
      "provider": "provider[\"registry.terraform.io/hashicorp/aws\"]",
      "instances": [
        {
          "schema_version": 0,
          "attributes": {
            "bucket": "allogy-gov-cloudformation-files",
            "id": "allogy-gov-cloudformation-files",
            "rule": [
              {
                "object_ownership": "BucketOwnerEnforced"
              }
            ]
          },
          "sensitive_attributes": []
        }
      ]
    },
    {
      "mode": "managed",
      "type": "aws_s3_bucket_ownership_controls",
      "name": "allogy_govcloud_import",
      "provider": "provider[\"registry.terraform.io/hashicorp/aws\"]",
      "instances": [
        {
          "schema_version": 0,
          "attributes": {
            "bucket": "allogy-govcloud-import",
            "id": "allogy-govcloud-import",
            "rule": [
              {
                "object_ownership": "BucketOwnerEnforced"
              }
            ]
          },
          "sensitive_attributes": []
        }
      ]
    },
    {
      "mode": "managed",
      "type": "aws_s3_bucket_policy",
      "name": "allogy_gov_bundles",
      "provider": "provider[\"registry.terraform.io/hashicorp/aws\"]",
      "instances": [
        {
          "schema_version": 0,
          "attributes": {
            "bucket": "allogy-gov-bundles",
            "id": "allogy-gov-bundles",
            "policy": "{\"Version\":\"2012-10-17\",\"Id\":\"http referer policy learning cloudfront\",\"Statement\":[{\"Sid\":\"Allow get requests originating from cloudfront.\",\"Effect\":\"Allow\",\"Principal\":\"*\",\"Action\":[\"s3:GetObject\",\"s3:GetObjectVersion\"],\"Resource\":\"arn:aws-us-gov:s3:::allogy-gov-bundles/*\",\"Condition\":{\"StringLike\":{\"aws:Referer\":\"pZx98hbtZcxk7EuKFEbj4Z3ox9BjebVwiFdPt2bZAWFVDJeGoF\"}}}]}"
          },
          "sensitive_attributes": []
        }
      ]
    },
    {
      "mode": "managed",
      "type": "aws_s3_bucket_policy",
      "name": "allogy_gov_creator_web_ui",
      "provider": "provider[\"registry.terraform.io/hashicorp/aws\"]",
      "instances": [
        {
          "schema_version": 0,
          "attributes": {
            "bucket": "allogy-gov-creator-web-ui",
            "id": "allogy-gov-creator-web-ui",
            "policy": "{\"Version\":\"2012-10-17\",\"Id\":\"http referer policy example\",\"Statement\":[{\"Sid\":\"Allow get requests originating from www.example.com and example.com.\",\"Effect\":\"Allow\",\"Principal\":\"*\",\"Action\":[\"s3:GetObject\",\"s3:GetObjectVersion\"],\"Resource\":\"arn:aws-us-gov:s3:::allogy-gov-creator-web-ui/*\",\"Condition\":{\"StringLike\":{\"aws:Referer\":\"cHKcfeREsgWFXLbqvGbmMfsMZffzkZD67FTpa3k4DbcMh4Ui7B\"}}}]}"
          },
          "sensitive_attributes": []
        }
      ]
    },
    {
      "mode": "managed",
      "type": "aws_s3_bucket_policy",
      "name": "allogy_gov_instructor_web_ui",
      "provider": "provider[\"registry.terraform.io/hashicorp/aws\"]",
      "instances": [
        {
          "schema_version": 0,
          "attributes": {
            "bucket": "allogy-gov-instructor-web-ui",
            "id": "allogy-gov-instructor-web-ui",
            "policy": "{\"Version\":\"2012-10-17\",\"Id\":\"http referer policy example\",\"Statement\":[{\"Sid\":\"Allow get requests originating from www.example.com and example.com.\",\"Effect\":\"Allow\",\"Principal\":\"*\",\"Action\":[\"s3:GetObject\",\"s3:GetObjectVersion\"],\"Resource\":\"arn:aws-us-gov:s3:::allogy-gov-instructor-web-ui/*\",\"Condition\":{\"StringLike\":{\"aws:Referer\":\"Moxt7tJQapb2kT3c3N6oxuFrFuFUVd6gf4VqHVzU3XqF9Uw2M8\"}}}]}"
          },
          "sensitive_attributes": []
        }
      ]
    },
    {
      "mode": "managed",
      "type": "aws_s3_bucket_policy",
      "name": "allogy_gov_learner_web_ui",
      "provider": "provider[\"registry.terraform.io/hashicorp/aws\"]",
      "instances": [
        {
          "schema_version": 0,
          "attributes": {
            "bucket": "allogy-gov-learner-web-ui",
            "id": "allogy-gov-learner-web-ui",
            "policy": "{\"Version\":\"2012-10-17\",\"Id\":\"http referer policy example\",\"Statement\":[{\"Sid\":\"Allow get requests originating from www.example.com and example.com.\",\"Effect\":\"Allow\",\"Principal\":\"*\",\"Action\":[\"s3:GetObject\",\"s3:GetObjectVersion\"],\"Resource\":\"arn:aws-us-gov:s3:::allogy-gov-learner-web-ui/*\",\"Condition\":{\"StringLike\":{\"aws:Referer\":\"JKAGE2CvHkVTucHNnmxmhbpVnjWy22PLLR44WYVGUewaM2TY6j\"}}}]}"
          },
          "sensitive_attributes": []
        }
      ]
    },
    {
      "mode": "managed",
      "type": "aws_s3_bucket_policy",
      "name": "allogy_gov_learning_image_distribution",
      "provider": "provider[\"registry.terraform.io/hashicorp/aws\"]",
      "instances": [
        {
          "schema_version": 0,
          "attributes": {
            "bucket": "allogy-gov-learning-image-distribution",
            "id": "allogy-gov-learning-image-distribution",
            "policy": "{\"Version\":\"2012-10-17\",\"Id\":\"http referer policy learning distribution\",\"Statement\":[{\"Sid\":\"Allow get requests originating from cloudfront.\",\"Effect\":\"Allow\",\"Principal\":\"*\",\"Action\":[\"s3:GetObject\",\"s3:GetObjectVersion\"],\"Resource\":\"arn:aws-us-gov:s3:::allogy-gov-learning-image-distribution/*\",\"Condition\":{\"StringLike\":{\"aws:Referer\":\"pZx98hbtZcxk7EuKFEbj4Z3ox9BjebVwiFdPt2bZAWFVDJeGoF\"}}}]}"
          },
          "sensitive_attributes": []
        }
      ]
    },
    {
      "mode": "managed",
      "type": "aws_s3_bucket_policy",
      "name": "allogy_gov_learning_media_distribution",
      "provider": "provider[\"registry.terraform.io/hashicorp/aws\"]",
      "instances": [
        {
          "schema_version": 0,
          "attributes": {
            "bucket": "allogy-gov-learning-media-distribution",
            "id": "allogy-gov-learning-media-distribution",
            "policy": "{\"Version\":\"2012-10-17\",\"Id\":\"http referer policy learning distribution\",\"Statement\":[{\"Sid\":\"Allow get requests originating from cloudfront.\",\"Effect\":\"Allow\",\"Principal\":\"*\",\"Action\":[\"s3:GetObject\",\"s3:GetObjectVersion\"],\"Resource\":\"arn:aws-us-gov:s3:::allogy-gov-learning-media-distribution/*\",\"Condition\":{\"StringLike\":{\"aws:Referer\":\"pZx98hbtZcxk7EuKFEbj4Z3ox9BjebVwiFdPt2bZAWFVDJeGoF\"}}}]}"
          },
          "sensitive_attributes": []
        }
      ]
    },
    {
      "mode": "managed",
      "type": "aws_s3_bucket_policy",
      "name": "allogy_gov_market_service",
      "provider": "provider[\"registry.terraform.io/hashicorp/aws\"]",
      "instances": [
        {
          "schema_version": 0,
          "attributes": {
            "bucket": "allogy-gov-market-service",
            "id": "allogy-gov-market-service",
            "policy": "{\"Version\":\"2012-10-17\",\"Id\":\"http referer policy for cloudfront distribution\",\"Statement\":[{\"Sid\":\"Allow get requests originating from cloudfront.\",\"Effect\":\"Allow\",\"Principal\":\"*\",\"Action\":[\"s3:GetObject\",\"s3:GetObjectVersion\"],\"Resource\":\"arn:aws-us-gov:s3:::allogy-gov-market-service/*\",\"Condition\":{\"StringLike\":{\"aws:Referer\":\"3GcnQmxGuKtxrvqJsrgvhNA8QYhbDT8ZngetJvgECwQQNAmmzR\"}}}]}"
          },
          "sensitive_attributes": []
        }
      ]
    },
    {
      "mode": "managed",
      "type": "aws_s3_bucket_policy",
      "name": "allogy_gov_tenant_admin_web_ui",
      "provider": "provider[\"registry.terraform.io/hashicorp/aws\"]",
      "instances": [
        {
          "schema_version": 0,
          "attributes": {
            "bucket": "allogy-gov-tenant-admin-web-ui",
            "id": "allogy-gov-tenant-admin-web-ui",
            "policy": "{\"Version\":\"2012-10-17\",\"Id\":\"http referer policy example\",\"Statement\":[{\"Sid\":\"Allow get requests originating from www.example.com and example.com.\",\"Effect\":\"Allow\",\"Principal\":\"*\",\"Action\":[\"s3:GetObject\",\"s3:GetObjectVersion\"],\"Resource\":\"arn:aws-us-gov:s3:::allogy-gov-tenant-admin-web-ui/*\",\"Condition\":{\"StringLike\":{\"aws:Referer\":\"MUxCxMV9QYpywpj42i7o2kCHBdT9xsrJ2697tEhVkQ79gL3Ycy\"}}}]}"
          },
          "sensitive_attributes": []
        }
      ]
    },
    {
      "mode": "managed",
      "type": "aws_s3_bucket_policy",
      "name": "allogy_gov_tenant_configurations",
      "provider": "provider[\"registry.terraform.io/hashicorp/aws\"]",
      "instances": [
        {
          "schema_version": 0,
          "attributes": {
            "bucket": "allogy-gov-tenant-configurations",
            "id": "allogy-gov-tenant-configurations",
            "policy": "{\"Version\":\"2012-10-17\",\"Id\":\"http referer policy for cloudfront\",\"Statement\":[{\"Sid\":\"Allow get requests originating from cloudfront.\",\"Effect\":\"Allow\",\"Principal\":\"*\",\"Action\":[\"s3:GetObject\",\"s3:GetObjectVersion\"],\"Resource\":\"arn:aws-us-gov:s3:::allogy-gov-tenant-configurations/*\",\"Condition\":{\"StringLike\":{\"aws:Referer\":\"bCwCPca3ERKGCRBQmWV6sKtD6vUjXRWpfTD6y3udN4AyNhVRoe\"}}}]}"
          },
          "sensitive_attributes": []
        }
      ]
    },
    {
      "mode": "managed",
      "type": "aws_s3_bucket_policy",
      "name": "elasticbeanstalk_us_gov_west_1_050779347855",
      "provider": "provider[\"registry.terraform.io/hashicorp/aws\"]",
      "instances": [
        {
          "schema_version": 0,
          "attributes": {
            "bucket": "elasticbeanstalk-us-gov-west-1-050779347855",
            "id": "elasticbeanstalk-us-gov-west-1-050779347855",
            "policy": "{\"Version\":\"2008-10-17\",\"Statement\":[{\"Sid\":\"eb-58950a8c-feb6-11e2-89e0-0800277d041b\",\"Effect\":\"Deny\",\"Principal\":{\"AWS\":\"*\"},\"Action\":\"s3:DeleteBucket\",\"Resource\":\"arn:aws-us-gov:s3:::elasticbeanstalk-us-gov-west-1-050779347855\"},{\"Sid\":\"eb-af163bf3-d27b-4712-b795-d1e33e331ca4\",\"Effect\":\"Allow\",\"Principal\":{\"AWS\":[\"arn:aws-us-gov:iam::050779347855:role/services-gateway\",\"arn:aws-us-gov:iam::050779347855:role/web-app-gateway\",\"arn:aws-us-gov:iam::050779347855:role/web-app-book-service\",\"arn:aws-us-gov:iam::050779347855:role/web-app-form-service\",\"arn:aws-us-gov:iam::050779347855:role/internal-services-gateway\",\"arn:aws-us-gov:iam::050779347855:role/web-app-mobile-client-gateway\",\"arn:aws-us-gov:iam::050779347855:role/web-app-test-web-service\",\"arn:aws-us-gov:iam::050779347855:role/web-app-market-service\",\"arn:aws-us-gov:iam::050779347855:role/web-app-collaboration-person-service\",\"arn:aws-us-gov:iam::050779347855:role/web-app-dbt-clinician-web\",\"arn:aws-us-gov:iam::050779347855:role/web-app-identity-service\"]},\"Action\":[\"s3:ListBucket\",\"s3:ListBucketVersions\",\"s3:GetObject\",\"s3:GetObjectVersion\"],\"Resource\":[\"arn:aws-us-gov:s3:::elasticbeanstalk-us-gov-west-1-050779347855\",\"arn:aws-us-gov:s3:::elasticbeanstalk-us-gov-west-1-050779347855/resources/environments/*\"]}]}"
          },
          "sensitive_attributes": []
        }
      ]
    },
    {
      "mode": "managed",
      "type": "aws_s3_bucket_policy",
      "name": "vpc_flowlogs_050779347855_vpc_0bd9acb7990b4154d",
      "provider": "provider[\"registry.terraform.io/hashicorp/aws\"]",
      "instances": [
        {
          "schema_version": 0,
          "attributes": {
            "bucket": "vpc-flowlogs-050779347855-vpc-0bd9acb7990b4154d",
            "id": "vpc-flowlogs-050779347855-vpc-0bd9acb7990b4154d",
            "policy": "{\"Version\":\"2012-10-17\",\"Statement\":[{\"Sid\":\"AWSLogDeliveryWrite\",\"Effect\":\"Allow\",\"Principal\":{\"Service\":\"delivery.logs.amazonaws.com\"},\"Action\":\"s3:PutObject\",\"Resource\":\"arn:aws-us-gov:s3:::vpc-flowlogs-050779347855-vpc-0bd9acb7990b4154d/*\",\"Condition\":{\"StringEquals\":{\"s3:x-amz-acl\":\"bucket-owner-full-control\"}}},{\"Sid\":\"AWSLogDeliveryAclCheck\",\"Effect\":\"Allow\",\"Principal\":{\"Service\":\"delivery.logs.amazonaws.com\"},\"Action\":\"s3:GetBucketAcl\",\"Resource\":\"arn:aws-us-gov:s3:::vpc-flowlogs-050779347855-vpc-0bd9acb7990b4154d\"}]}"
          },
          "sensitive_attributes": []
        }
      ]
    },
    {
      "mode": "managed",
      "type": "aws_s3_bucket_public_access_block",
      "name": "allogy_gov_cloudformation_files",
      "provider": "provider[\"registry.terraform.io/hashicorp/aws\"]",
      "instances": [
        {
          "schema_version": 0,
          "attributes": {
            "block_public_acls": true,
            "block_public_policy": true,
            "bucket": "allogy-gov-cloudformation-files",
            "id": "allogy-gov-cloudformation-files",
            "ignore_public_acls": true,
            "restrict_public_buckets": true
          },
          "sensitive_attributes": []
        }
      ]
    },
    {
      "mode": "managed",
      "type": "aws_s3_bucket_public_access_block",
      "name": "allogy_govcloud_import",
      "provider": "provider[\"registry.terraform.io/hashicorp/aws\"]",
      "instances": [
        {
          "schema_version": 0,
          "attributes": {
            "block_public_acls": true,
            "block_public_policy": true,
            "bucket": "allogy-govcloud-import",
            "id": "allogy-govcloud-import",
            "ignore_public_acls": true,
            "restrict_public_buckets": true
          },
          "sensitive_attributes": []
        }
      ]
    },
    {
      "mode": "managed",
      "type": "aws_s3_bucket_public_access_block",
      "name": "aws_glue_assets_050779347855_us_gov_west_1",
      "provider": "provider[\"registry.terraform.io/hashicorp/aws\"]",
      "instances": [
        {
          "schema_version": 0,
          "attributes": {
            "block_public_acls": true,
            "block_public_policy": true,
            "bucket": "aws-glue-assets-050779347855-us-gov-west-1",
            "id": "aws-glue-assets-050779347855-us-gov-west-1",
            "ignore_public_acls": true,
            "restrict_public_buckets": true
          },
          "sensitive_attributes": []
        }
      ]
    },
    {
      "mode": "managed",
      "type": "aws_s3_bucket_public_access_block",
      "name": "aws_glue_scripts_050779347855_us_gov_west_1",
      "provider": "provider[\"registry.terraform.io/hashicorp/aws\"]",
      "instances": [
        {
          "schema_version": 0,
          "attributes": {
            "block_public_acls": true,
            "block_public_policy": true,
            "bucket": "aws-glue-scripts-050779347855-us-gov-west-1",
            "id": "aws-glue-scripts-050779347855-us-gov-west-1",
            "ignore_public_acls": true,
            "restrict_public_buckets": true
          },
          "sensitive_attributes": []
        }
      ]
    },
    {
      "mode": "managed",
      "type": "aws_s3_bucket_public_access_block",
      "name": "aws_glue_temporary_050779347855_us_gov_west_1",
      "provider": "provider[\"registry.terraform.io/hashicorp/aws\"]",
      "instances": [
        {
          "schema_version": 0,
          "attributes": {
            "block_public_acls": true,
            "block_public_policy": true,
            "bucket": "aws-glue-temporary-050779347855-us-gov-west-1",
            "id": "aws-glue-temporary-050779347855-us-gov-west-1",
            "ignore_public_acls": true,
            "restrict_public_buckets": true
          },
          "sensitive_attributes": []
        }
      ]
    },
    {
      "mode": "managed",
      "type": "aws_s3_bucket_request_payment_configuration",
      "name": "allogy_gov_bundles",
      "provider": "provider[\"registry.terraform.io/hashicorp/aws\"]",
      "instances": [
        {
          "schema_version": 0,
          "attributes": {
            "bucket": "allogy-gov-bundles",
            "expected_bucket_owner": "",
            "id": "allogy-gov-bundles",
            "payer": "BucketOwner"
          },
          "sensitive_attributes": []
        }
      ]
    },
    {
      "mode": "managed",
      "type": "aws_s3_bucket_request_payment_configuration",
      "name": "allogy_gov_cloudformation_files",
      "provider": "provider[\"registry.terraform.io/hashicorp/aws\"]",
      "instances": [
        {
          "schema_version": 0,
          "attributes": {
            "bucket": "allogy-gov-cloudformation-files",
            "expected_bucket_owner": "",
            "id": "allogy-gov-cloudformation-files",
            "payer": "BucketOwner"
          },
          "sensitive_attributes": []
        }
      ]
    },
    {
      "mode": "managed",
      "type": "aws_s3_bucket_request_payment_configuration",
      "name": "allogy_gov_contents",
      "provider": "provider[\"registry.terraform.io/hashicorp/aws\"]",
      "instances": [
        {
          "schema_version": 0,
          "attributes": {
            "bucket": "allogy-gov-contents",
            "expected_bucket_owner": "",
            "id": "allogy-gov-contents",
            "payer": "BucketOwner"
          },
          "sensitive_attributes": []
        }
      ]
    },
    {
      "mode": "managed",
      "type": "aws_s3_bucket_request_payment_configuration",
      "name": "allogy_gov_creator_web_ui",
      "provider": "provider[\"registry.terraform.io/hashicorp/aws\"]",
      "instances": [
        {
          "schema_version": 0,
          "attributes": {
            "bucket": "allogy-gov-creator-web-ui",
            "expected_bucket_owner": "",
            "id": "allogy-gov-creator-web-ui",
            "payer": "BucketOwner"
          },
          "sensitive_attributes": []
        }
      ]
    },
    {
      "mode": "managed",
      "type": "aws_s3_bucket_request_payment_configuration",
      "name": "allogy_gov_email",
      "provider": "provider[\"registry.terraform.io/hashicorp/aws\"]",
      "instances": [
        {
          "schema_version": 0,
          "attributes": {
            "bucket": "allogy-gov-email",
            "expected_bucket_owner": "",
            "id": "allogy-gov-email",
            "payer": "BucketOwner"
          },
          "sensitive_attributes": []
        }
      ]
    },
    {
      "mode": "managed",
      "type": "aws_s3_bucket_request_payment_configuration",
      "name": "allogy_gov_instructor_web_ui",
      "provider": "provider[\"registry.terraform.io/hashicorp/aws\"]",
      "instances": [
        {
          "schema_version": 0,
          "attributes": {
            "bucket": "allogy-gov-instructor-web-ui",
            "expected_bucket_owner": "",
            "id": "allogy-gov-instructor-web-ui",
            "payer": "BucketOwner"
          },
          "sensitive_attributes": []
        }
      ]
    },
    {
      "mode": "managed",
      "type": "aws_s3_bucket_request_payment_configuration",
      "name": "allogy_gov_integration_test",
      "provider": "provider[\"registry.terraform.io/hashicorp/aws\"]",
      "instances": [
        {
          "schema_version": 0,
          "attributes": {
            "bucket": "allogy-gov-integration-test",
            "expected_bucket_owner": "",
            "id": "allogy-gov-integration-test",
            "payer": "BucketOwner"
          },
          "sensitive_attributes": []
        }
      ]
    },
    {
      "mode": "managed",
      "type": "aws_s3_bucket_request_payment_configuration",
      "name": "allogy_gov_integration_test_public",
      "provider": "provider[\"registry.terraform.io/hashicorp/aws\"]",
      "instances": [
        {
          "schema_version": 0,
          "attributes": {
            "bucket": "allogy-gov-integration-test-public",
            "expected_bucket_owner": "",
            "id": "allogy-gov-integration-test-public",
            "payer": "BucketOwner"
          },
          "sensitive_attributes": []
        }
      ]
    },
    {
      "mode": "managed",
      "type": "aws_s3_bucket_request_payment_configuration",
      "name": "allogy_gov_learner_web_ui",
      "provider": "provider[\"registry.terraform.io/hashicorp/aws\"]",
      "instances": [
        {
          "schema_version": 0,
          "attributes": {
            "bucket": "allogy-gov-learner-web-ui",
            "expected_bucket_owner": "",
            "id": "allogy-gov-learner-web-ui",
            "payer": "BucketOwner"
          },
          "sensitive_attributes": []
        }
      ]
    },
    {
      "mode": "managed",
      "type": "aws_s3_bucket_request_payment_configuration",
      "name": "allogy_gov_learning_image",
      "provider": "provider[\"registry.terraform.io/hashicorp/aws\"]",
      "instances": [
        {
          "schema_version": 0,
          "attributes": {
            "bucket": "allogy-gov-learning-image",
            "expected_bucket_owner": "",
            "id": "allogy-gov-learning-image",
            "payer": "BucketOwner"
          },
          "sensitive_attributes": []
        }
      ]
    },
    {
      "mode": "managed",
      "type": "aws_s3_bucket_request_payment_configuration",
      "name": "allogy_gov_learning_image_distribution",
      "provider": "provider[\"registry.terraform.io/hashicorp/aws\"]",
      "instances": [
        {
          "schema_version": 0,
          "attributes": {
            "bucket": "allogy-gov-learning-image-distribution",
            "expected_bucket_owner": "",
            "id": "allogy-gov-learning-image-distribution",
            "payer": "BucketOwner"
          },
          "sensitive_attributes": []
        }
      ]
    },
    {
      "mode": "managed",
      "type": "aws_s3_bucket_request_payment_configuration",
      "name": "allogy_gov_learning_media",
      "provider": "provider[\"registry.terraform.io/hashicorp/aws\"]",
      "instances": [
        {
          "schema_version": 0,
          "attributes": {
            "bucket": "allogy-gov-learning-media",
            "expected_bucket_owner": "",
            "id": "allogy-gov-learning-media",
            "payer": "BucketOwner"
          },
          "sensitive_attributes": []
        }
      ]
    },
    {
      "mode": "managed",
      "type": "aws_s3_bucket_request_payment_configuration",
      "name": "allogy_gov_learning_media_distribution",
      "provider": "provider[\"registry.terraform.io/hashicorp/aws\"]",
      "instances": [
        {
          "schema_version": 0,
          "attributes": {
            "bucket": "allogy-gov-learning-media-distribution",
            "expected_bucket_owner": "",
            "id": "allogy-gov-learning-media-distribution",
            "payer": "BucketOwner"
          },
          "sensitive_attributes": []
        }
      ]
    },
    {
      "mode": "managed",
      "type": "aws_s3_bucket_request_payment_configuration",
      "name": "allogy_gov_learning_pdf",
      "provider": "provider[\"registry.terraform.io/hashicorp/aws\"]",
      "instances": [
        {
          "schema_version": 0,
          "attributes": {
            "bucket": "allogy-gov-learning-pdf",
            "expected_bucket_owner": "",
            "id": "allogy-gov-learning-pdf",
            "payer": "BucketOwner"
          },
          "sensitive_attributes": []
        }
      ]
    },
    {
      "mode": "managed",
      "type": "aws_s3_bucket_request_payment_configuration",
      "name": "allogy_gov_market_service",
      "provider": "provider[\"registry.terraform.io/hashicorp/aws\"]",
      "instances": [
        {
          "schema_version": 0,
          "attributes": {
            "bucket": "allogy-gov-market-service",
            "expected_bucket_owner": "",
            "id": "allogy-gov-market-service",
            "payer": "BucketOwner"
          },
          "sensitive_attributes": []
        }
      ]
    },
    {
      "mode": "managed",
      "type": "aws_s3_bucket_request_payment_configuration",
      "name": "allogy_gov_person_images_scaled",
      "provider": "provider[\"registry.terraform.io/hashicorp/aws\"]",
      "instances": [
        {
          "schema_version": 0,
          "attributes": {
            "bucket": "allogy-gov-person-images-scaled",
            "expected_bucket_owner": "",
            "id": "allogy-gov-person-images-scaled",
            "payer": "BucketOwner"
          },
          "sensitive_attributes": []
        }
      ]
    },
    {
      "mode": "managed",
      "type": "aws_s3_bucket_request_payment_configuration",
      "name": "allogy_gov_person_images_upload",
      "provider": "provider[\"registry.terraform.io/hashicorp/aws\"]",
      "instances": [
        {
          "schema_version": 0,
          "attributes": {
            "bucket": "allogy-gov-person-images-upload",
            "expected_bucket_owner": "",
            "id": "allogy-gov-person-images-upload",
            "payer": "BucketOwner"
          },
          "sensitive_attributes": []
        }
      ]
    },
    {
      "mode": "managed",
      "type": "aws_s3_bucket_request_payment_configuration",
      "name": "allogy_gov_tenant_admin_web_ui",
      "provider": "provider[\"registry.terraform.io/hashicorp/aws\"]",
      "instances": [
        {
          "schema_version": 0,
          "attributes": {
            "bucket": "allogy-gov-tenant-admin-web-ui",
            "expected_bucket_owner": "",
            "id": "allogy-gov-tenant-admin-web-ui",
            "payer": "BucketOwner"
          },
          "sensitive_attributes": []
        }
      ]
    },
    {
      "mode": "managed",
      "type": "aws_s3_bucket_request_payment_configuration",
      "name": "allogy_gov_tenant_configurations",
      "provider": "provider[\"registry.terraform.io/hashicorp/aws\"]",
      "instances": [
        {
          "schema_version": 0,
          "attributes": {
            "bucket": "allogy-gov-tenant-configurations",
            "expected_bucket_owner": "",
            "id": "allogy-gov-tenant-configurations",
            "payer": "BucketOwner"
          },
          "sensitive_attributes": []
        }
      ]
    },
    {
      "mode": "managed",
      "type": "aws_s3_bucket_request_payment_configuration",
      "name": "allogy_gov_web_services",
      "provider": "provider[\"registry.terraform.io/hashicorp/aws\"]",
      "instances": [
        {
          "schema_version": 0,
          "attributes": {
            "bucket": "allogy-gov-web-services",
            "expected_bucket_owner": "",
            "id": "allogy-gov-web-services",
            "payer": "BucketOwner"
          },
          "sensitive_attributes": []
        }
      ]
    },
    {
      "mode": "managed",
      "type": "aws_s3_bucket_request_payment_configuration",
      "name": "allogy_govcloud_import",
      "provider": "provider[\"registry.terraform.io/hashicorp/aws\"]",
      "instances": [
        {
          "schema_version": 0,
          "attributes": {
            "bucket": "allogy-govcloud-import",
            "expected_bucket_owner": "",
            "id": "allogy-govcloud-import",
            "payer": "BucketOwner"
          },
          "sensitive_attributes": []
        }
      ]
    },
    {
      "mode": "managed",
      "type": "aws_s3_bucket_request_payment_configuration",
      "name": "aws_glue_assets_050779347855_us_gov_west_1",
      "provider": "provider[\"registry.terraform.io/hashicorp/aws\"]",
      "instances": [
        {
          "schema_version": 0,
          "attributes": {
            "bucket": "aws-glue-assets-050779347855-us-gov-west-1",
            "expected_bucket_owner": "",
            "id": "aws-glue-assets-050779347855-us-gov-west-1",
            "payer": "BucketOwner"
          },
          "sensitive_attributes": []
        }
      ]
    },
    {
      "mode": "managed",
      "type": "aws_s3_bucket_request_payment_configuration",
      "name": "aws_glue_scripts_050779347855_us_gov_west_1",
      "provider": "provider[\"registry.terraform.io/hashicorp/aws\"]",
      "instances": [
        {
          "schema_version": 0,
          "attributes": {
            "bucket": "aws-glue-scripts-050779347855-us-gov-west-1",
            "expected_bucket_owner": "",
            "id": "aws-glue-scripts-050779347855-us-gov-west-1",
            "payer": "BucketOwner"
          },
          "sensitive_attributes": []
        }
      ]
    },
    {
      "mode": "managed",
      "type": "aws_s3_bucket_request_payment_configuration",
      "name": "aws_glue_temporary_050779347855_us_gov_west_1",
      "provider": "provider[\"registry.terraform.io/hashicorp/aws\"]",
      "instances": [
        {
          "schema_version": 0,
          "attributes": {
            "bucket": "aws-glue-temporary-050779347855-us-gov-west-1",
            "expected_bucket_owner": "",
            "id": "aws-glue-temporary-050779347855-us-gov-west-1",
            "payer": "BucketOwner"
          },
          "sensitive_attributes": []
        }
      ]
    },
    {
      "mode": "managed",
      "type": "aws_s3_bucket_request_payment_configuration",
      "name": "cf_templates_1bohskxf0k9l4_us_gov_west_1",
      "provider": "provider[\"registry.terraform.io/hashicorp/aws\"]",
      "instances": [
        {
          "schema_version": 0,
          "attributes": {
            "bucket": "cf-templates-1bohskxf0k9l4-us-gov-west-1",
            "expected_bucket_owner": "",
            "id": "cf-templates-1bohskxf0k9l4-us-gov-west-1",
            "payer": "BucketOwner"
          },
          "sensitive_attributes": []
        }
      ]
    },
    {
      "mode": "managed",
      "type": "aws_s3_bucket_request_payment_configuration",
      "name": "elasticbeanstalk_us_gov_west_1_050779347855",
      "provider": "provider[\"registry.terraform.io/hashicorp/aws\"]",
      "instances": [
        {
          "schema_version": 0,
          "attributes": {
            "bucket": "elasticbeanstalk-us-gov-west-1-050779347855",
            "expected_bucket_owner": "",
            "id": "elasticbeanstalk-us-gov-west-1-050779347855",
            "payer": "BucketOwner"
          },
          "sensitive_attributes": []
        }
      ]
    },
    {
      "mode": "managed",
      "type": "aws_s3_bucket_request_payment_configuration",
      "name": "vpc_flowlogs_050779347855_vpc_0bd9acb7990b4154d",
      "provider": "provider[\"registry.terraform.io/hashicorp/aws\"]",
      "instances": [
        {
          "schema_version": 0,
          "attributes": {
            "bucket": "vpc-flowlogs-050779347855-vpc-0bd9acb7990b4154d",
            "expected_bucket_owner": "",
            "id": "vpc-flowlogs-050779347855-vpc-0bd9acb7990b4154d",
            "payer": "BucketOwner"
          },
          "sensitive_attributes": []
        }
      ]
    },
    {
      "mode": "managed",
      "type": "aws_s3_bucket_request_payment_configuration",
      "name": "vpc_flowlogs_050779347855_vpc_0f662451df9954b4c",
      "provider": "provider[\"registry.terraform.io/hashicorp/aws\"]",
      "instances": [
        {
          "schema_version": 0,
          "attributes": {
            "bucket": "vpc-flowlogs-050779347855-vpc-0f662451df9954b4c",
            "expected_bucket_owner": "",
            "id": "vpc-flowlogs-050779347855-vpc-0f662451df9954b4c",
            "payer": "BucketOwner"
          },
          "sensitive_attributes": []
        }
      ]
    },
    {
      "mode": "managed",
      "type": "aws_s3_bucket_server_side_encryption_configuration",
      "name": "allogy_gov_bundles",
      "provider": "provider[\"registry.terraform.io/hashicorp/aws\"]",
      "instances": [
        {
          "schema_version": 0,
          "attributes": {
            "bucket": "allogy-gov-bundles",
            "expected_bucket_owner": "",
            "id": "allogy-gov-bundles",
            "rule": [
              {
                "apply_server_side_encryption_by_default": [
                  {
                    "kms_master_key_id": "",
                    "sse_algorithm": "AES256"
                  }
                ],
                "bucket_key_enabled": false
              }
            ]
          },
          "sensitive_attributes": []
        }
      ]
    },
    {
      "mode": "managed",
      "type": "aws_s3_bucket_server_side_encryption_configuration",
      "name": "allogy_gov_cloudformation_files",
      "provider": "provider[\"registry.terraform.io/hashicorp/aws\"]",
      "instances": [
        {
          "schema_version": 0,
          "attributes": {
            "bucket": "allogy-gov-cloudformation-files",
            "expected_bucket_owner": "",
            "id": "allogy-gov-cloudformation-files",
            "rule": [
              {
                "apply_server_side_encryption_by_default": [
                  {
                    "kms_master_key_id": "",
                    "sse_algorithm": "AES256"
                  }
                ],
                "bucket_key_enabled": false
              }
            ]
          },
          "sensitive_attributes": []
        }
      ]
    },
    {
      "mode": "managed",
      "type": "aws_s3_bucket_server_side_encryption_configuration",
      "name": "allogy_gov_contents",
      "provider": "provider[\"registry.terraform.io/hashicorp/aws\"]",
      "instances": [
        {
          "schema_version": 0,
          "attributes": {
            "bucket": "allogy-gov-contents",
            "expected_bucket_owner": "",
            "id": "allogy-gov-contents",
            "rule": [
              {
                "apply_server_side_encryption_by_default": [
                  {
                    "kms_master_key_id": "",
                    "sse_algorithm": "AES256"
                  }
                ],
                "bucket_key_enabled": false
              }
            ]
          },
          "sensitive_attributes": []
        }
      ]
    },
    {
      "mode": "managed",
      "type": "aws_s3_bucket_server_side_encryption_configuration",
      "name": "allogy_gov_creator_web_ui",
      "provider": "provider[\"registry.terraform.io/hashicorp/aws\"]",
      "instances": [
        {
          "schema_version": 0,
          "attributes": {
            "bucket": "allogy-gov-creator-web-ui",
            "expected_bucket_owner": "",
            "id": "allogy-gov-creator-web-ui",
            "rule": [
              {
                "apply_server_side_encryption_by_default": [
                  {
                    "kms_master_key_id": "",
                    "sse_algorithm": "AES256"
                  }
                ],
                "bucket_key_enabled": false
              }
            ]
          },
          "sensitive_attributes": []
        }
      ]
    },
    {
      "mode": "managed",
      "type": "aws_s3_bucket_server_side_encryption_configuration",
      "name": "allogy_gov_email",
      "provider": "provider[\"registry.terraform.io/hashicorp/aws\"]",
      "instances": [
        {
          "schema_version": 0,
          "attributes": {
            "bucket": "allogy-gov-email",
            "expected_bucket_owner": "",
            "id": "allogy-gov-email",
            "rule": [
              {
                "apply_server_side_encryption_by_default": [
                  {
                    "kms_master_key_id": "",
                    "sse_algorithm": "AES256"
                  }
                ],
                "bucket_key_enabled": false
              }
            ]
          },
          "sensitive_attributes": []
        }
      ]
    },
    {
      "mode": "managed",
      "type": "aws_s3_bucket_server_side_encryption_configuration",
      "name": "allogy_gov_instructor_web_ui",
      "provider": "provider[\"registry.terraform.io/hashicorp/aws\"]",
      "instances": [
        {
          "schema_version": 0,
          "attributes": {
            "bucket": "allogy-gov-instructor-web-ui",
            "expected_bucket_owner": "",
            "id": "allogy-gov-instructor-web-ui",
            "rule": [
              {
                "apply_server_side_encryption_by_default": [
                  {
                    "kms_master_key_id": "",
                    "sse_algorithm": "AES256"
                  }
                ],
                "bucket_key_enabled": false
              }
            ]
          },
          "sensitive_attributes": []
        }
      ]
    },
    {
      "mode": "managed",
      "type": "aws_s3_bucket_server_side_encryption_configuration",
      "name": "allogy_gov_integration_test",
      "provider": "provider[\"registry.terraform.io/hashicorp/aws\"]",
      "instances": [
        {
          "schema_version": 0,
          "attributes": {
            "bucket": "allogy-gov-integration-test",
            "expected_bucket_owner": "",
            "id": "allogy-gov-integration-test",
            "rule": [
              {
                "apply_server_side_encryption_by_default": [
                  {
                    "kms_master_key_id": "",
                    "sse_algorithm": "AES256"
                  }
                ],
                "bucket_key_enabled": false
              }
            ]
          },
          "sensitive_attributes": []
        }
      ]
    },
    {
      "mode": "managed",
      "type": "aws_s3_bucket_server_side_encryption_configuration",
      "name": "allogy_gov_integration_test_public",
      "provider": "provider[\"registry.terraform.io/hashicorp/aws\"]",
      "instances": [
        {
          "schema_version": 0,
          "attributes": {
            "bucket": "allogy-gov-integration-test-public",
            "expected_bucket_owner": "",
            "id": "allogy-gov-integration-test-public",
            "rule": [
              {
                "apply_server_side_encryption_by_default": [
                  {
                    "kms_master_key_id": "",
                    "sse_algorithm": "AES256"
                  }
                ],
                "bucket_key_enabled": false
              }
            ]
          },
          "sensitive_attributes": []
        }
      ]
    },
    {
      "mode": "managed",
      "type": "aws_s3_bucket_server_side_encryption_configuration",
      "name": "allogy_gov_learner_web_ui",
      "provider": "provider[\"registry.terraform.io/hashicorp/aws\"]",
      "instances": [
        {
          "schema_version": 0,
          "attributes": {
            "bucket": "allogy-gov-learner-web-ui",
            "expected_bucket_owner": "",
            "id": "allogy-gov-learner-web-ui",
            "rule": [
              {
                "apply_server_side_encryption_by_default": [
                  {
                    "kms_master_key_id": "",
                    "sse_algorithm": "AES256"
                  }
                ],
                "bucket_key_enabled": false
              }
            ]
          },
          "sensitive_attributes": []
        }
      ]
    },
    {
      "mode": "managed",
      "type": "aws_s3_bucket_server_side_encryption_configuration",
      "name": "allogy_gov_learning_image",
      "provider": "provider[\"registry.terraform.io/hashicorp/aws\"]",
      "instances": [
        {
          "schema_version": 0,
          "attributes": {
            "bucket": "allogy-gov-learning-image",
            "expected_bucket_owner": "",
            "id": "allogy-gov-learning-image",
            "rule": [
              {
                "apply_server_side_encryption_by_default": [
                  {
                    "kms_master_key_id": "",
                    "sse_algorithm": "AES256"
                  }
                ],
                "bucket_key_enabled": false
              }
            ]
          },
          "sensitive_attributes": []
        }
      ]
    },
    {
      "mode": "managed",
      "type": "aws_s3_bucket_server_side_encryption_configuration",
      "name": "allogy_gov_learning_image_distribution",
      "provider": "provider[\"registry.terraform.io/hashicorp/aws\"]",
      "instances": [
        {
          "schema_version": 0,
          "attributes": {
            "bucket": "allogy-gov-learning-image-distribution",
            "expected_bucket_owner": "",
            "id": "allogy-gov-learning-image-distribution",
            "rule": [
              {
                "apply_server_side_encryption_by_default": [
                  {
                    "kms_master_key_id": "",
                    "sse_algorithm": "AES256"
                  }
                ],
                "bucket_key_enabled": false
              }
            ]
          },
          "sensitive_attributes": []
        }
      ]
    },
    {
      "mode": "managed",
      "type": "aws_s3_bucket_server_side_encryption_configuration",
      "name": "allogy_gov_learning_media",
      "provider": "provider[\"registry.terraform.io/hashicorp/aws\"]",
      "instances": [
        {
          "schema_version": 0,
          "attributes": {
            "bucket": "allogy-gov-learning-media",
            "expected_bucket_owner": "",
            "id": "allogy-gov-learning-media",
            "rule": [
              {
                "apply_server_side_encryption_by_default": [
                  {
                    "kms_master_key_id": "",
                    "sse_algorithm": "AES256"
                  }
                ],
                "bucket_key_enabled": false
              }
            ]
          },
          "sensitive_attributes": []
        }
      ]
    },
    {
      "mode": "managed",
      "type": "aws_s3_bucket_server_side_encryption_configuration",
      "name": "allogy_gov_learning_media_distribution",
      "provider": "provider[\"registry.terraform.io/hashicorp/aws\"]",
      "instances": [
        {
          "schema_version": 0,
          "attributes": {
            "bucket": "allogy-gov-learning-media-distribution",
            "expected_bucket_owner": "",
            "id": "allogy-gov-learning-media-distribution",
            "rule": [
              {
                "apply_server_side_encryption_by_default": [
                  {
                    "kms_master_key_id": "",
                    "sse_algorithm": "AES256"
                  }
                ],
                "bucket_key_enabled": false
              }
            ]
          },
          "sensitive_attributes": []
        }
      ]
    },
    {
      "mode": "managed",
      "type": "aws_s3_bucket_server_side_encryption_configuration",
      "name": "allogy_gov_learning_pdf",
      "provider": "provider[\"registry.terraform.io/hashicorp/aws\"]",
      "instances": [
        {
          "schema_version": 0,
          "attributes": {
            "bucket": "allogy-gov-learning-pdf",
            "expected_bucket_owner": "",
            "id": "allogy-gov-learning-pdf",
            "rule": [
              {
                "apply_server_side_encryption_by_default": [
                  {
                    "kms_master_key_id": "",
                    "sse_algorithm": "AES256"
                  }
                ],
                "bucket_key_enabled": false
              }
            ]
          },
          "sensitive_attributes": []
        }
      ]
    },
    {
      "mode": "managed",
      "type": "aws_s3_bucket_server_side_encryption_configuration",
      "name": "allogy_gov_market_service",
      "provider": "provider[\"registry.terraform.io/hashicorp/aws\"]",
      "instances": [
        {
          "schema_version": 0,
          "attributes": {
            "bucket": "allogy-gov-market-service",
            "expected_bucket_owner": "",
            "id": "allogy-gov-market-service",
            "rule": [
              {
                "apply_server_side_encryption_by_default": [
                  {
                    "kms_master_key_id": "",
                    "sse_algorithm": "AES256"
                  }
                ],
                "bucket_key_enabled": false
              }
            ]
          },
          "sensitive_attributes": []
        }
      ]
    },
    {
      "mode": "managed",
      "type": "aws_s3_bucket_server_side_encryption_configuration",
      "name": "allogy_gov_person_images_scaled",
      "provider": "provider[\"registry.terraform.io/hashicorp/aws\"]",
      "instances": [
        {
          "schema_version": 0,
          "attributes": {
            "bucket": "allogy-gov-person-images-scaled",
            "expected_bucket_owner": "",
            "id": "allogy-gov-person-images-scaled",
            "rule": [
              {
                "apply_server_side_encryption_by_default": [
                  {
                    "kms_master_key_id": "",
                    "sse_algorithm": "AES256"
                  }
                ],
                "bucket_key_enabled": false
              }
            ]
          },
          "sensitive_attributes": []
        }
      ]
    },
    {
      "mode": "managed",
      "type": "aws_s3_bucket_server_side_encryption_configuration",
      "name": "allogy_gov_person_images_upload",
      "provider": "provider[\"registry.terraform.io/hashicorp/aws\"]",
      "instances": [
        {
          "schema_version": 0,
          "attributes": {
            "bucket": "allogy-gov-person-images-upload",
            "expected_bucket_owner": "",
            "id": "allogy-gov-person-images-upload",
            "rule": [
              {
                "apply_server_side_encryption_by_default": [
                  {
                    "kms_master_key_id": "",
                    "sse_algorithm": "AES256"
                  }
                ],
                "bucket_key_enabled": false
              }
            ]
          },
          "sensitive_attributes": []
        }
      ]
    },
    {
      "mode": "managed",
      "type": "aws_s3_bucket_server_side_encryption_configuration",
      "name": "allogy_gov_tenant_admin_web_ui",
      "provider": "provider[\"registry.terraform.io/hashicorp/aws\"]",
      "instances": [
        {
          "schema_version": 0,
          "attributes": {
            "bucket": "allogy-gov-tenant-admin-web-ui",
            "expected_bucket_owner": "",
            "id": "allogy-gov-tenant-admin-web-ui",
            "rule": [
              {
                "apply_server_side_encryption_by_default": [
                  {
                    "kms_master_key_id": "",
                    "sse_algorithm": "AES256"
                  }
                ],
                "bucket_key_enabled": false
              }
            ]
          },
          "sensitive_attributes": []
        }
      ]
    },
    {
      "mode": "managed",
      "type": "aws_s3_bucket_server_side_encryption_configuration",
      "name": "allogy_gov_tenant_configurations",
      "provider": "provider[\"registry.terraform.io/hashicorp/aws\"]",
      "instances": [
        {
          "schema_version": 0,
          "attributes": {
            "bucket": "allogy-gov-tenant-configurations",
            "expected_bucket_owner": "",
            "id": "allogy-gov-tenant-configurations",
            "rule": [
              {
                "apply_server_side_encryption_by_default": [
                  {
                    "kms_master_key_id": "",
                    "sse_algorithm": "AES256"
                  }
                ],
                "bucket_key_enabled": false
              }
            ]
          },
          "sensitive_attributes": []
        }
      ]
    },
    {
      "mode": "managed",
      "type": "aws_s3_bucket_server_side_encryption_configuration",
      "name": "allogy_gov_web_services",
      "provider": "provider[\"registry.terraform.io/hashicorp/aws\"]",
      "instances": [
        {
          "schema_version": 0,
          "attributes": {
            "bucket": "allogy-gov-web-services",
            "expected_bucket_owner": "",
            "id": "allogy-gov-web-services",
            "rule": [
              {
                "apply_server_side_encryption_by_default": [
                  {
                    "kms_master_key_id": "",
                    "sse_algorithm": "AES256"
                  }
                ],
                "bucket_key_enabled": false
              }
            ]
          },
          "sensitive_attributes": []
        }
      ]
    },
    {
      "mode": "managed",
      "type": "aws_s3_bucket_server_side_encryption_configuration",
      "name": "allogy_govcloud_import",
      "provider": "provider[\"registry.terraform.io/hashicorp/aws\"]",
      "instances": [
        {
          "schema_version": 0,
          "attributes": {
            "bucket": "allogy-govcloud-import",
            "expected_bucket_owner": "",
            "id": "allogy-govcloud-import",
            "rule": [
              {
                "apply_server_side_encryption_by_default": [
                  {
                    "kms_master_key_id": "",
                    "sse_algorithm": "AES256"
                  }
                ],
                "bucket_key_enabled": false
              }
            ]
          },
          "sensitive_attributes": []
        }
      ]
    },
    {
      "mode": "managed",
      "type": "aws_s3_bucket_server_side_encryption_configuration",
      "name": "aws_glue_assets_050779347855_us_gov_west_1",
      "provider": "provider[\"registry.terraform.io/hashicorp/aws\"]",
      "instances": [
        {
          "schema_version": 0,
          "attributes": {
            "bucket": "aws-glue-assets-050779347855-us-gov-west-1",
            "expected_bucket_owner": "",
            "id": "aws-glue-assets-050779347855-us-gov-west-1",
            "rule": [
              {
                "apply_server_side_encryption_by_default": [
                  {
                    "kms_master_key_id": "",
                    "sse_algorithm": "AES256"
                  }
                ],
                "bucket_key_enabled": false
              }
            ]
          },
          "sensitive_attributes": []
        }
      ]
    },
    {
      "mode": "managed",
      "type": "aws_s3_bucket_server_side_encryption_configuration",
      "name": "aws_glue_scripts_050779347855_us_gov_west_1",
      "provider": "provider[\"registry.terraform.io/hashicorp/aws\"]",
      "instances": [
        {
          "schema_version": 0,
          "attributes": {
            "bucket": "aws-glue-scripts-050779347855-us-gov-west-1",
            "expected_bucket_owner": "",
            "id": "aws-glue-scripts-050779347855-us-gov-west-1",
            "rule": [
              {
                "apply_server_side_encryption_by_default": [
                  {
                    "kms_master_key_id": "",
                    "sse_algorithm": "AES256"
                  }
                ],
                "bucket_key_enabled": false
              }
            ]
          },
          "sensitive_attributes": []
        }
      ]
    },
    {
      "mode": "managed",
      "type": "aws_s3_bucket_server_side_encryption_configuration",
      "name": "aws_glue_temporary_050779347855_us_gov_west_1",
      "provider": "provider[\"registry.terraform.io/hashicorp/aws\"]",
      "instances": [
        {
          "schema_version": 0,
          "attributes": {
            "bucket": "aws-glue-temporary-050779347855-us-gov-west-1",
            "expected_bucket_owner": "",
            "id": "aws-glue-temporary-050779347855-us-gov-west-1",
            "rule": [
              {
                "apply_server_side_encryption_by_default": [
                  {
                    "kms_master_key_id": "",
                    "sse_algorithm": "AES256"
                  }
                ],
                "bucket_key_enabled": false
              }
            ]
          },
          "sensitive_attributes": []
        }
      ]
    },
    {
      "mode": "managed",
      "type": "aws_s3_bucket_server_side_encryption_configuration",
      "name": "cf_templates_1bohskxf0k9l4_us_gov_west_1",
      "provider": "provider[\"registry.terraform.io/hashicorp/aws\"]",
      "instances": [
        {
          "schema_version": 0,
          "attributes": {
            "bucket": "cf-templates-1bohskxf0k9l4-us-gov-west-1",
            "expected_bucket_owner": "",
            "id": "cf-templates-1bohskxf0k9l4-us-gov-west-1",
            "rule": [
              {
                "apply_server_side_encryption_by_default": [
                  {
                    "kms_master_key_id": "",
                    "sse_algorithm": "AES256"
                  }
                ],
                "bucket_key_enabled": false
              }
            ]
          },
          "sensitive_attributes": []
        }
      ]
    },
    {
      "mode": "managed",
      "type": "aws_s3_bucket_server_side_encryption_configuration",
      "name": "elasticbeanstalk_us_gov_west_1_050779347855",
      "provider": "provider[\"registry.terraform.io/hashicorp/aws\"]",
      "instances": [
        {
          "schema_version": 0,
          "attributes": {
            "bucket": "elasticbeanstalk-us-gov-west-1-050779347855",
            "expected_bucket_owner": "",
            "id": "elasticbeanstalk-us-gov-west-1-050779347855",
            "rule": [
              {
                "apply_server_side_encryption_by_default": [
                  {
                    "kms_master_key_id": "",
                    "sse_algorithm": "AES256"
                  }
                ],
                "bucket_key_enabled": false
              }
            ]
          },
          "sensitive_attributes": []
        }
      ]
    },
    {
      "mode": "managed",
      "type": "aws_s3_bucket_server_side_encryption_configuration",
      "name": "vpc_flowlogs_050779347855_vpc_0bd9acb7990b4154d",
      "provider": "provider[\"registry.terraform.io/hashicorp/aws\"]",
      "instances": [
        {
          "schema_version": 0,
          "attributes": {
            "bucket": "vpc-flowlogs-050779347855-vpc-0bd9acb7990b4154d",
            "expected_bucket_owner": "",
            "id": "vpc-flowlogs-050779347855-vpc-0bd9acb7990b4154d",
            "rule": [
              {
                "apply_server_side_encryption_by_default": [
                  {
                    "kms_master_key_id": "",
                    "sse_algorithm": "AES256"
                  }
                ],
                "bucket_key_enabled": false
              }
            ]
          },
          "sensitive_attributes": []
        }
      ]
    },
    {
      "mode": "managed",
      "type": "aws_s3_bucket_server_side_encryption_configuration",
      "name": "vpc_flowlogs_050779347855_vpc_0f662451df9954b4c",
      "provider": "provider[\"registry.terraform.io/hashicorp/aws\"]",
      "instances": [
        {
          "schema_version": 0,
          "attributes": {
            "bucket": "vpc-flowlogs-050779347855-vpc-0f662451df9954b4c",
            "expected_bucket_owner": "",
            "id": "vpc-flowlogs-050779347855-vpc-0f662451df9954b4c",
            "rule": [
              {
                "apply_server_side_encryption_by_default": [
                  {
                    "kms_master_key_id": "",
                    "sse_algorithm": "AES256"
                  }
                ],
                "bucket_key_enabled": false
              }
            ]
          },
          "sensitive_attributes": []
        }
      ]
    },
    {
      "mode": "managed",
      "type": "aws_s3_bucket_versioning",
      "name": "allogy_gov_bundles",
      "provider": "provider[\"registry.terraform.io/hashicorp/aws\"]",
      "instances": [
        {
          "schema_version": 0,
          "attributes": {
            "bucket": "allogy-gov-bundles",
            "expected_bucket_owner": "",
            "id": "allogy-gov-bundles",
            "mfa": null,
            "versioning_configuration": [
              {
                "mfa_delete": "",
                "status": "Suspended"
              }
            ]
          },
          "sensitive_attributes": []
        }
      ]
    },
    {
      "mode": "managed",
      "type": "aws_s3_bucket_versioning",
      "name": "allogy_gov_contents",
      "provider": "provider[\"registry.terraform.io/hashicorp/aws\"]",
      "instances": [
        {
          "schema_version": 0,
          "attributes": {
            "bucket": "allogy-gov-contents",
            "expected_bucket_owner": "",
            "id": "allogy-gov-contents",
            "mfa": null,
            "versioning_configuration": [
              {
                "mfa_delete": "",
                "status": "Suspended"
              }
            ]
          },
          "sensitive_attributes": []
        }
      ]
    },
    {
      "mode": "managed",
      "type": "aws_s3_bucket_versioning",
      "name": "allogy_gov_creator_web_ui",
      "provider": "provider[\"registry.terraform.io/hashicorp/aws\"]",
      "instances": [
        {
          "schema_version": 0,
          "attributes": {
            "bucket": "allogy-gov-creator-web-ui",
            "expected_bucket_owner": "",
            "id": "allogy-gov-creator-web-ui",
            "mfa": null,
            "versioning_configuration": [
              {
                "mfa_delete": "",
                "status": "Suspended"
              }
            ]
          },
          "sensitive_attributes": []
        }
      ]
    },
    {
      "mode": "managed",
      "type": "aws_s3_bucket_versioning",
      "name": "allogy_gov_email",
      "provider": "provider[\"registry.terraform.io/hashicorp/aws\"]",
      "instances": [
        {
          "schema_version": 0,
          "attributes": {
            "bucket": "allogy-gov-email",
            "expected_bucket_owner": "",
            "id": "allogy-gov-email",
            "mfa": null,
            "versioning_configuration": [
              {
                "mfa_delete": "",
                "status": "Suspended"
              }
            ]
          },
          "sensitive_attributes": []
        }
      ]
    },
    {
      "mode": "managed",
      "type": "aws_s3_bucket_versioning",
      "name": "allogy_gov_instructor_web_ui",
      "provider": "provider[\"registry.terraform.io/hashicorp/aws\"]",
      "instances": [
        {
          "schema_version": 0,
          "attributes": {
            "bucket": "allogy-gov-instructor-web-ui",
            "expected_bucket_owner": "",
            "id": "allogy-gov-instructor-web-ui",
            "mfa": null,
            "versioning_configuration": [
              {
                "mfa_delete": "",
                "status": "Suspended"
              }
            ]
          },
          "sensitive_attributes": []
        }
      ]
    },
    {
      "mode": "managed",
      "type": "aws_s3_bucket_versioning",
      "name": "allogy_gov_integration_test",
      "provider": "provider[\"registry.terraform.io/hashicorp/aws\"]",
      "instances": [
        {
          "schema_version": 0,
          "attributes": {
            "bucket": "allogy-gov-integration-test",
            "expected_bucket_owner": "",
            "id": "allogy-gov-integration-test",
            "mfa": null,
            "versioning_configuration": [
              {
                "mfa_delete": "",
                "status": "Suspended"
              }
            ]
          },
          "sensitive_attributes": []
        }
      ]
    },
    {
      "mode": "managed",
      "type": "aws_s3_bucket_versioning",
      "name": "allogy_gov_integration_test_public",
      "provider": "provider[\"registry.terraform.io/hashicorp/aws\"]",
      "instances": [
        {
          "schema_version": 0,
          "attributes": {
            "bucket": "allogy-gov-integration-test-public",
            "expected_bucket_owner": "",
            "id": "allogy-gov-integration-test-public",
            "mfa": null,
            "versioning_configuration": [
              {
                "mfa_delete": "",
                "status": "Suspended"
              }
            ]
          },
          "sensitive_attributes": []
        }
      ]
    },
    {
      "mode": "managed",
      "type": "aws_s3_bucket_versioning",
      "name": "allogy_gov_learner_web_ui",
      "provider": "provider[\"registry.terraform.io/hashicorp/aws\"]",
      "instances": [
        {
          "schema_version": 0,
          "attributes": {
            "bucket": "allogy-gov-learner-web-ui",
            "expected_bucket_owner": "",
            "id": "allogy-gov-learner-web-ui",
            "mfa": null,
            "versioning_configuration": [
              {
                "mfa_delete": "",
                "status": "Suspended"
              }
            ]
          },
          "sensitive_attributes": []
        }
      ]
    },
    {
      "mode": "managed",
      "type": "aws_s3_bucket_versioning",
      "name": "allogy_gov_learning_image",
      "provider": "provider[\"registry.terraform.io/hashicorp/aws\"]",
      "instances": [
        {
          "schema_version": 0,
          "attributes": {
            "bucket": "allogy-gov-learning-image",
            "expected_bucket_owner": "",
            "id": "allogy-gov-learning-image",
            "mfa": null,
            "versioning_configuration": [
              {
                "mfa_delete": "",
                "status": "Suspended"
              }
            ]
          },
          "sensitive_attributes": []
        }
      ]
    },
    {
      "mode": "managed",
      "type": "aws_s3_bucket_versioning",
      "name": "allogy_gov_learning_image_distribution",
      "provider": "provider[\"registry.terraform.io/hashicorp/aws\"]",
      "instances": [
        {
          "schema_version": 0,
          "attributes": {
            "bucket": "allogy-gov-learning-image-distribution",
            "expected_bucket_owner": "",
            "id": "allogy-gov-learning-image-distribution",
            "mfa": null,
            "versioning_configuration": [
              {
                "mfa_delete": "",
                "status": "Suspended"
              }
            ]
          },
          "sensitive_attributes": []
        }
      ]
    },
    {
      "mode": "managed",
      "type": "aws_s3_bucket_versioning",
      "name": "allogy_gov_learning_media",
      "provider": "provider[\"registry.terraform.io/hashicorp/aws\"]",
      "instances": [
        {
          "schema_version": 0,
          "attributes": {
            "bucket": "allogy-gov-learning-media",
            "expected_bucket_owner": "",
            "id": "allogy-gov-learning-media",
            "mfa": null,
            "versioning_configuration": [
              {
                "mfa_delete": "",
                "status": "Suspended"
              }
            ]
          },
          "sensitive_attributes": []
        }
      ]
    },
    {
      "mode": "managed",
      "type": "aws_s3_bucket_versioning",
      "name": "allogy_gov_learning_media_distribution",
      "provider": "provider[\"registry.terraform.io/hashicorp/aws\"]",
      "instances": [
        {
          "schema_version": 0,
          "attributes": {
            "bucket": "allogy-gov-learning-media-distribution",
            "expected_bucket_owner": "",
            "id": "allogy-gov-learning-media-distribution",
            "mfa": null,
            "versioning_configuration": [
              {
                "mfa_delete": "",
                "status": "Suspended"
              }
            ]
          },
          "sensitive_attributes": []
        }
      ]
    },
    {
      "mode": "managed",
      "type": "aws_s3_bucket_versioning",
      "name": "allogy_gov_learning_pdf",
      "provider": "provider[\"registry.terraform.io/hashicorp/aws\"]",
      "instances": [
        {
          "schema_version": 0,
          "attributes": {
            "bucket": "allogy-gov-learning-pdf",
            "expected_bucket_owner": "",
            "id": "allogy-gov-learning-pdf",
            "mfa": null,
            "versioning_configuration": [
              {
                "mfa_delete": "",
                "status": "Suspended"
              }
            ]
          },
          "sensitive_attributes": []
        }
      ]
    },
    {
      "mode": "managed",
      "type": "aws_s3_bucket_versioning",
      "name": "allogy_gov_market_service",
      "provider": "provider[\"registry.terraform.io/hashicorp/aws\"]",
      "instances": [
        {
          "schema_version": 0,
          "attributes": {
            "bucket": "allogy-gov-market-service",
            "expected_bucket_owner": "",
            "id": "allogy-gov-market-service",
            "mfa": null,
            "versioning_configuration": [
              {
                "mfa_delete": "",
                "status": "Suspended"
              }
            ]
          },
          "sensitive_attributes": []
        }
      ]
    },
    {
      "mode": "managed",
      "type": "aws_s3_bucket_versioning",
      "name": "allogy_gov_person_images_scaled",
      "provider": "provider[\"registry.terraform.io/hashicorp/aws\"]",
      "instances": [
        {
          "schema_version": 0,
          "attributes": {
            "bucket": "allogy-gov-person-images-scaled",
            "expected_bucket_owner": "",
            "id": "allogy-gov-person-images-scaled",
            "mfa": null,
            "versioning_configuration": [
              {
                "mfa_delete": "",
                "status": "Suspended"
              }
            ]
          },
          "sensitive_attributes": []
        }
      ]
    },
    {
      "mode": "managed",
      "type": "aws_s3_bucket_versioning",
      "name": "allogy_gov_person_images_upload",
      "provider": "provider[\"registry.terraform.io/hashicorp/aws\"]",
      "instances": [
        {
          "schema_version": 0,
          "attributes": {
            "bucket": "allogy-gov-person-images-upload",
            "expected_bucket_owner": "",
            "id": "allogy-gov-person-images-upload",
            "mfa": null,
            "versioning_configuration": [
              {
                "mfa_delete": "",
                "status": "Suspended"
              }
            ]
          },
          "sensitive_attributes": []
        }
      ]
    },
    {
      "mode": "managed",
      "type": "aws_s3_bucket_versioning",
      "name": "allogy_gov_tenant_admin_web_ui",
      "provider": "provider[\"registry.terraform.io/hashicorp/aws\"]",
      "instances": [
        {
          "schema_version": 0,
          "attributes": {
            "bucket": "allogy-gov-tenant-admin-web-ui",
            "expected_bucket_owner": "",
            "id": "allogy-gov-tenant-admin-web-ui",
            "mfa": null,
            "versioning_configuration": [
              {
                "mfa_delete": "",
                "status": "Suspended"
              }
            ]
          },
          "sensitive_attributes": []
        }
      ]
    },
    {
      "mode": "managed",
      "type": "aws_s3_bucket_versioning",
      "name": "allogy_gov_tenant_configurations",
      "provider": "provider[\"registry.terraform.io/hashicorp/aws\"]",
      "instances": [
        {
          "schema_version": 0,
          "attributes": {
            "bucket": "allogy-gov-tenant-configurations",
            "expected_bucket_owner": "",
            "id": "allogy-gov-tenant-configurations",
            "mfa": null,
            "versioning_configuration": [
              {
                "mfa_delete": "",
                "status": "Suspended"
              }
            ]
          },
          "sensitive_attributes": []
        }
      ]
    },
    {
      "mode": "managed",
      "type": "aws_s3_bucket_versioning",
      "name": "allogy_gov_web_services",
      "provider": "provider[\"registry.terraform.io/hashicorp/aws\"]",
      "instances": [
        {
          "schema_version": 0,
          "attributes": {
            "bucket": "allogy-gov-web-services",
            "expected_bucket_owner": "",
            "id": "allogy-gov-web-services",
            "mfa": null,
            "versioning_configuration": [
              {
                "mfa_delete": "",
                "status": "Suspended"
              }
            ]
          },
          "sensitive_attributes": []
        }
      ]
    },
    {
      "mode": "managed",
      "type": "aws_s3_bucket_website_configuration",
      "name": "allogy_gov_bundles",
      "provider": "provider[\"registry.terraform.io/hashicorp/aws\"]",
      "instances": [
        {
          "schema_version": 0,
          "attributes": {
            "bucket": "allogy-gov-bundles",
            "error_document": [],
            "expected_bucket_owner": "",
            "id": "allogy-gov-bundles",
            "index_document": [
              {
                "suffix": "index.html"
              }
            ],
            "redirect_all_requests_to": [],
            "routing_rule": [],
            "routing_rules": "",
            "website_domain": "s3-website-us-gov-west-1.amazonaws.com",
            "website_endpoint": "allogy-gov-bundles.s3-website-us-gov-west-1.amazonaws.com"
          },
          "sensitive_attributes": []
        }
      ]
    },
    {
      "mode": "managed",
      "type": "aws_s3_bucket_website_configuration",
      "name": "allogy_gov_creator_web_ui",
      "provider": "provider[\"registry.terraform.io/hashicorp/aws\"]",
      "instances": [
        {
          "schema_version": 0,
          "attributes": {
            "bucket": "allogy-gov-creator-web-ui",
            "error_document": [],
            "expected_bucket_owner": "",
            "id": "allogy-gov-creator-web-ui",
            "index_document": [
              {
                "suffix": "index.html"
              }
            ],
            "redirect_all_requests_to": [],
            "routing_rule": [],
            "routing_rules": "",
            "website_domain": "s3-website-us-gov-west-1.amazonaws.com",
            "website_endpoint": "allogy-gov-creator-web-ui.s3-website-us-gov-west-1.amazonaws.com"
          },
          "sensitive_attributes": []
        }
      ]
    },
    {
      "mode": "managed",
      "type": "aws_s3_bucket_website_configuration",
      "name": "allogy_gov_instructor_web_ui",
      "provider": "provider[\"registry.terraform.io/hashicorp/aws\"]",
      "instances": [
        {
          "schema_version": 0,
          "attributes": {
            "bucket": "allogy-gov-instructor-web-ui",
            "error_document": [],
            "expected_bucket_owner": "",
            "id": "allogy-gov-instructor-web-ui",
            "index_document": [
              {
                "suffix": "index.html"
              }
            ],
            "redirect_all_requests_to": [],
            "routing_rule": [],
            "routing_rules": "",
            "website_domain": "s3-website-us-gov-west-1.amazonaws.com",
            "website_endpoint": "allogy-gov-instructor-web-ui.s3-website-us-gov-west-1.amazonaws.com"
          },
          "sensitive_attributes": []
        }
      ]
    },
    {
      "mode": "managed",
      "type": "aws_s3_bucket_website_configuration",
      "name": "allogy_gov_learner_web_ui",
      "provider": "provider[\"registry.terraform.io/hashicorp/aws\"]",
      "instances": [
        {
          "schema_version": 0,
          "attributes": {
            "bucket": "allogy-gov-learner-web-ui",
            "error_document": [],
            "expected_bucket_owner": "",
            "id": "allogy-gov-learner-web-ui",
            "index_document": [
              {
                "suffix": "index.html"
              }
            ],
            "redirect_all_requests_to": [],
            "routing_rule": [],
            "routing_rules": "",
            "website_domain": "s3-website-us-gov-west-1.amazonaws.com",
            "website_endpoint": "allogy-gov-learner-web-ui.s3-website-us-gov-west-1.amazonaws.com"
          },
          "sensitive_attributes": []
        }
      ]
    },
    {
      "mode": "managed",
      "type": "aws_s3_bucket_website_configuration",
      "name": "allogy_gov_learning_image_distribution",
      "provider": "provider[\"registry.terraform.io/hashicorp/aws\"]",
      "instances": [
        {
          "schema_version": 0,
          "attributes": {
            "bucket": "allogy-gov-learning-image-distribution",
            "error_document": [],
            "expected_bucket_owner": "",
            "id": "allogy-gov-learning-image-distribution",
            "index_document": [
              {
                "suffix": "index.html"
              }
            ],
            "redirect_all_requests_to": [],
            "routing_rule": [],
            "routing_rules": "",
            "website_domain": "s3-website-us-gov-west-1.amazonaws.com",
            "website_endpoint": "allogy-gov-learning-image-distribution.s3-website-us-gov-west-1.amazonaws.com"
          },
          "sensitive_attributes": []
        }
      ]
    },
    {
      "mode": "managed",
      "type": "aws_s3_bucket_website_configuration",
      "name": "allogy_gov_learning_media_distribution",
      "provider": "provider[\"registry.terraform.io/hashicorp/aws\"]",
      "instances": [
        {
          "schema_version": 0,
          "attributes": {
            "bucket": "allogy-gov-learning-media-distribution",
            "error_document": [],
            "expected_bucket_owner": "",
            "id": "allogy-gov-learning-media-distribution",
            "index_document": [
              {
                "suffix": "index.html"
              }
            ],
            "redirect_all_requests_to": [],
            "routing_rule": [],
            "routing_rules": "",
            "website_domain": "s3-website-us-gov-west-1.amazonaws.com",
            "website_endpoint": "allogy-gov-learning-media-distribution.s3-website-us-gov-west-1.amazonaws.com"
          },
          "sensitive_attributes": []
        }
      ]
    },
    {
      "mode": "managed",
      "type": "aws_s3_bucket_website_configuration",
      "name": "allogy_gov_market_service",
      "provider": "provider[\"registry.terraform.io/hashicorp/aws\"]",
      "instances": [
        {
          "schema_version": 0,
          "attributes": {
            "bucket": "allogy-gov-market-service",
            "error_document": [],
            "expected_bucket_owner": "",
            "id": "allogy-gov-market-service",
            "index_document": [
              {
                "suffix": "index.html"
              }
            ],
            "redirect_all_requests_to": [],
            "routing_rule": [],
            "routing_rules": "",
            "website_domain": "s3-website-us-gov-west-1.amazonaws.com",
            "website_endpoint": "allogy-gov-market-service.s3-website-us-gov-west-1.amazonaws.com"
          },
          "sensitive_attributes": []
        }
      ]
    },
    {
      "mode": "managed",
      "type": "aws_s3_bucket_website_configuration",
      "name": "allogy_gov_tenant_admin_web_ui",
      "provider": "provider[\"registry.terraform.io/hashicorp/aws\"]",
      "instances": [
        {
          "schema_version": 0,
          "attributes": {
            "bucket": "allogy-gov-tenant-admin-web-ui",
            "error_document": [],
            "expected_bucket_owner": "",
            "id": "allogy-gov-tenant-admin-web-ui",
            "index_document": [
              {
                "suffix": "index.html"
              }
            ],
            "redirect_all_requests_to": [],
            "routing_rule": [],
            "routing_rules": "",
            "website_domain": "s3-website-us-gov-west-1.amazonaws.com",
            "website_endpoint": "allogy-gov-tenant-admin-web-ui.s3-website-us-gov-west-1.amazonaws.com"
          },
          "sensitive_attributes": []
        }
      ]
    },
    {
      "mode": "managed",
      "type": "aws_s3_bucket_website_configuration",
      "name": "allogy_gov_tenant_configurations",
      "provider": "provider[\"registry.terraform.io/hashicorp/aws\"]",
      "instances": [
        {
          "schema_version": 0,
          "attributes": {
            "bucket": "allogy-gov-tenant-configurations",
            "error_document": [],
            "expected_bucket_owner": "",
            "id": "allogy-gov-tenant-configurations",
            "index_document": [
              {
                "suffix": "index.html"
              }
            ],
            "redirect_all_requests_to": [],
            "routing_rule": [],
            "routing_rules": "",
            "website_domain": "s3-website-us-gov-west-1.amazonaws.com",
            "website_endpoint": "allogy-gov-tenant-configurations.s3-website-us-gov-west-1.amazonaws.com"
          },
          "sensitive_attributes": []
        }
      ]
    }
  ],
  "check_results": null
}
