{
  "version": 4,
  "terraform_version": "1.3.6",
  "serial": 2,
  "lineage": "",
  "outputs": {},
  "resources": [
    {
      "mode": "managed",
      "type": "aws_ecs_capacity_provider",
      "name": "FARGATE",
      "provider": "provider[\"registry.terraform.io/hashicorp/aws\"]",
      "instances": [
        {
          "schema_version": 0,
          "attributes": {
            "arn": "arn:aws-us-gov:ecs:us-gov-west-1:050779347855:capacity-provider/FARGATE",
            "auto_scaling_group_provider": [],
            "id": "FARGATE",
            "name": "FARGATE",
            "tags": {},
            "tags_all": {}
          },
          "sensitive_attributes": []
        }
      ]
    },
    {
      "mode": "managed",
      "type": "aws_ecs_capacity_provider",
      "name": "FARGATE_SPOT",
      "provider": "provider[\"registry.terraform.io/hashicorp/aws\"]",
      "instances": [
        {
          "schema_version": 0,
          "attributes": {
            "arn": "arn:aws-us-gov:ecs:us-gov-west-1:050779347855:capacity-provider/FARGATE_SPOT",
            "auto_scaling_group_provider": [],
            "id": "FARGATE_SPOT",
            "name": "FARGATE_SPOT",
            "tags": {},
            "tags_all": {}
          },
          "sensitive_attributes": []
        }
      ]
    },
    {
      "mode": "managed",
      "type": "aws_ecs_cluster",
      "name": "production",
      "provider": "provider[\"registry.terraform.io/hashicorp/aws\"]",
      "instances": [
        {
          "schema_version": 0,
          "attributes": {
            "arn": "arn:aws-us-gov:ecs:us-gov-west-1:050779347855:cluster/production",
            "capacity_providers": [],
            "configuration": [],
            "default_capacity_provider_strategy": [],
            "id": "production",
            "name": "production",
            "service_connect_defaults": [],
            "setting": [
              {
                "name": "containerInsights",
                "value": "enabled"
              }
            ],
            "tags": {},
            "tags_all": {}
          },
          "sensitive_attributes": []
        }
      ]
    },
    {
      "mode": "managed",
      "type": "aws_ecs_service",
      "name": "collections_space_service",
      "provider": "provider[\"registry.terraform.io/hashicorp/aws\"]",
      "instances": [
        {
          "schema_version": 0,
          "attributes": {
            "alarms": [],
            "capacity_provider_strategy": [],
            "cluster": "arn:aws-us-gov:ecs:us-gov-west-1:050779347855:cluster/production",
            "deployment_circuit_breaker": [
              {
                "enable": false,
                "rollback": false
              }
            ],
            "deployment_controller": [
              {
                "type": "ECS"
              }
            ],
            "deployment_maximum_percent": 200,
            "deployment_minimum_healthy_percent": 50,
            "desired_count": 2,
            "enable_ecs_managed_tags": true,
            "enable_execute_command": false,
            "force_new_deployment": null,
            "health_check_grace_period_seconds": 0,
            "iam_role": null,
            "id": "arn:aws-us-gov:ecs:us-gov-west-1:050779347855:service/production/collections-space-service",
            "launch_type": "EC2",
            "load_balancer": [],
            "name": "collections-space-service",
            "network_configuration": [],
            "ordered_placement_strategy": [
              {
                "field": "attribute:ecs.availability-zone",
                "type": "spread"
              },
              {
                "field": "instanceId",
                "type": "spread"
              }
            ],
            "placement_constraints": [],
            "platform_version": "",
            "propagate_tags": "NONE",
            "scheduling_strategy": "REPLICA",
            "service_connect_configuration": [],
            "service_registries": [],
            "tags": {},
            "tags_all": {},
            "task_definition": "collections-space-service:3",
            "timeouts": null,
            "triggers": {},
            "wait_for_steady_state": null
          },
          "sensitive_attributes": []
        }
      ]
    },
    {
      "mode": "managed",
      "type": "aws_ecs_service",
      "name": "course_certificate_pdf_service",
      "provider": "provider[\"registry.terraform.io/hashicorp/aws\"]",
      "instances": [
        {
          "schema_version": 0,
          "attributes": {
            "alarms": [],
            "capacity_provider_strategy": [],
            "cluster": "arn:aws-us-gov:ecs:us-gov-west-1:050779347855:cluster/production",
            "deployment_circuit_breaker": [
              {
                "enable": false,
                "rollback": false
              }
            ],
            "deployment_controller": [
              {
                "type": "ECS"
              }
            ],
            "deployment_maximum_percent": 200,
            "deployment_minimum_healthy_percent": 100,
            "desired_count": 2,
            "enable_ecs_managed_tags": true,
            "enable_execute_command": false,
            "force_new_deployment": null,
            "health_check_grace_period_seconds": 0,
            "iam_role": "/aws-service-role/ecs.amazonaws.com/AWSServiceRoleForECS",
            "id": "arn:aws-us-gov:ecs:us-gov-west-1:050779347855:service/production/course-certificate-pdf-service",
            "launch_type": "EC2",
            "load_balancer": [],
            "name": "course-certificate-pdf-service",
            "network_configuration": [],
            "ordered_placement_strategy": [
              {
                "field": "attribute:ecs.availability-zone",
                "type": "spread"
              },
              {
                "field": "instanceId",
                "type": "spread"
              }
            ],
            "placement_constraints": [],
            "platform_version": "",
            "propagate_tags": "NONE",
            "scheduling_strategy": "REPLICA",
            "service_connect_configuration": [],
            "service_registries": [
              {
                "container_name": "course-certificate-pdf-service",
                "container_port": 8283,
                "port": 0,
                "registry_arn": "arn:aws-us-gov:servicediscovery:us-gov-west-1:050779347855:service/srv-7gcyyi74sjumqjws"
              }
            ],
            "tags": {},
            "tags_all": {},
            "task_definition": "course-certificate-pdf-service:7",
            "timeouts": null,
            "triggers": {},
            "wait_for_steady_state": null
          },
          "sensitive_attributes": []
        }
      ]
    },
    {
      "mode": "managed",
      "type": "aws_ecs_service",
      "name": "external_app_service",
      "provider": "provider[\"registry.terraform.io/hashicorp/aws\"]",
      "instances": [
        {
          "schema_version": 0,
          "attributes": {
            "alarms": [],
            "capacity_provider_strategy": [],
            "cluster": "arn:aws-us-gov:ecs:us-gov-west-1:050779347855:cluster/production",
            "deployment_circuit_breaker": [
              {
                "enable": false,
                "rollback": false
              }
            ],
            "deployment_controller": [
              {
                "type": "ECS"
              }
            ],
            "deployment_maximum_percent": 200,
            "deployment_minimum_healthy_percent": 100,
            "desired_count": 1,
            "enable_ecs_managed_tags": true,
            "enable_execute_command": false,
            "force_new_deployment": null,
            "health_check_grace_period_seconds": 0,
            "iam_role": null,
            "id": "arn:aws-us-gov:ecs:us-gov-west-1:050779347855:service/production/external-app-service",
            "launch_type": "EC2",
            "load_balancer": [],
            "name": "external-app-service",
            "network_configuration": [],
            "ordered_placement_strategy": [
              {
                "field": "attribute:ecs.availability-zone",
                "type": "spread"
              },
              {
                "field": "instanceId",
                "type": "spread"
              }
            ],
            "placement_constraints": [],
            "platform_version": "",
            "propagate_tags": "NONE",
            "scheduling_strategy": "REPLICA",
            "service_connect_configuration": [],
            "service_registries": [],
            "tags": {},
            "tags_all": {},
            "task_definition": "external-app-service:4",
            "timeouts": null,
            "triggers": {},
            "wait_for_steady_state": null
          },
          "sensitive_attributes": []
        }
      ]
    },
    {
      "mode": "managed",
      "type": "aws_ecs_service",
      "name": "market_search_service",
      "provider": "provider[\"registry.terraform.io/hashicorp/aws\"]",
      "instances": [
        {
          "schema_version": 0,
          "attributes": {
            "alarms": [],
            "capacity_provider_strategy": [],
            "cluster": "arn:aws-us-gov:ecs:us-gov-west-1:050779347855:cluster/production",
            "deployment_circuit_breaker": [
              {
                "enable": false,
                "rollback": false
              }
            ],
            "deployment_controller": [
              {
                "type": "ECS"
              }
            ],
            "deployment_maximum_percent": 200,
            "deployment_minimum_healthy_percent": 100,
            "desired_count": 3,
            "enable_ecs_managed_tags": true,
            "enable_execute_command": false,
            "force_new_deployment": null,
            "health_check_grace_period_seconds": 0,
            "iam_role": null,
            "id": "arn:aws-us-gov:ecs:us-gov-west-1:050779347855:service/production/market-search-service",
            "launch_type": "EC2",
            "load_balancer": [],
            "name": "market-search-service",
            "network_configuration": [],
            "ordered_placement_strategy": [
              {
                "field": "attribute:ecs.availability-zone",
                "type": "spread"
              },
              {
                "field": "instanceId",
                "type": "spread"
              }
            ],
            "placement_constraints": [],
            "platform_version": "",
            "propagate_tags": "NONE",
            "scheduling_strategy": "REPLICA",
            "service_connect_configuration": [],
            "service_registries": [],
            "tags": {},
            "tags_all": {},
            "task_definition": "market-search-service:5",
            "timeouts": null,
            "triggers": {},
            "wait_for_steady_state": null
          },
          "sensitive_attributes": []
        }
      ]
    },
    {
      "mode": "managed",
      "type": "aws_ecs_service",
      "name": "performance_assessment_service",
      "provider": "provider[\"registry.terraform.io/hashicorp/aws\"]",
      "instances": [
        {
          "schema_version": 0,
          "attributes": {
            "alarms": [],
            "capacity_provider_strategy": [],
            "cluster": "arn:aws-us-gov:ecs:us-gov-west-1:050779347855:cluster/production",
            "deployment_circuit_breaker": [
              {
                "enable": false,
                "rollback": false
              }
            ],
            "deployment_controller": [
              {
                "type": "ECS"
              }
            ],
            "deployment_maximum_percent": 200,
            "deployment_minimum_healthy_percent": 100,
            "desired_count": 1,
            "enable_ecs_managed_tags": true,
            "enable_execute_command": false,
            "force_new_deployment": null,
            "health_check_grace_period_seconds": 0,
            "iam_role": null,
            "id": "arn:aws-us-gov:ecs:us-gov-west-1:050779347855:service/production/performance-assessment-service",
            "launch_type": "EC2",
            "load_balancer": [],
            "name": "performance-assessment-service",
            "network_configuration": [],
            "ordered_placement_strategy": [
              {
                "field": "attribute:ecs.availability-zone",
                "type": "spread"
              },
              {
                "field": "instanceId",
                "type": "spread"
              }
            ],
            "placement_constraints": [],
            "platform_version": "",
            "propagate_tags": "NONE",
            "scheduling_strategy": "REPLICA",
            "service_connect_configuration": [],
            "service_registries": [],
            "tags": {},
            "tags_all": {},
            "task_definition": "performance-assessment-service:4",
            "timeouts": null,
            "triggers": {},
            "wait_for_steady_state": null
          },
          "sensitive_attributes": []
        }
      ]
    },
    {
      "mode": "managed",
      "type": "aws_ecs_service",
      "name": "publication_service",
      "provider": "provider[\"registry.terraform.io/hashicorp/aws\"]",
      "instances": [
        {
          "schema_version": 0,
          "attributes": {
            "alarms": [],
            "capacity_provider_strategy": [],
            "cluster": "arn:aws-us-gov:ecs:us-gov-west-1:050779347855:cluster/production",
            "deployment_circuit_breaker": [
              {
                "enable": false,
                "rollback": false
              }
            ],
            "deployment_controller": [
              {
                "type": "ECS"
              }
            ],
            "deployment_maximum_percent": 200,
            "deployment_minimum_healthy_percent": 50,
            "desired_count": 2,
            "enable_ecs_managed_tags": true,
            "enable_execute_command": false,
            "force_new_deployment": null,
            "health_check_grace_period_seconds": 0,
            "iam_role": null,
            "id": "arn:aws-us-gov:ecs:us-gov-west-1:050779347855:service/production/publication-service",
            "launch_type": "EC2",
            "load_balancer": [],
            "name": "publication-service",
            "network_configuration": [],
            "ordered_placement_strategy": [
              {
                "field": "attribute:ecs.availability-zone",
                "type": "spread"
              },
              {
                "field": "instanceId",
                "type": "spread"
              }
            ],
            "placement_constraints": [],
            "platform_version": "",
            "propagate_tags": "NONE",
            "scheduling_strategy": "REPLICA",
            "service_connect_configuration": [],
            "service_registries": [],
            "tags": {},
            "tags_all": {},
            "task_definition": "publication-service:7",
            "timeouts": null,
            "triggers": {},
            "wait_for_steady_state": null
          },
          "sensitive_attributes": []
        }
      ]
    },
    {
      "mode": "managed",
      "type": "aws_ecs_service",
      "name": "single_step_service",
      "provider": "provider[\"registry.terraform.io/hashicorp/aws\"]",
      "instances": [
        {
          "schema_version": 0,
          "attributes": {
            "alarms": [],
            "capacity_provider_strategy": [],
            "cluster": "arn:aws-us-gov:ecs:us-gov-west-1:050779347855:cluster/production",
            "deployment_circuit_breaker": [
              {
                "enable": false,
                "rollback": false
              }
            ],
            "deployment_controller": [
              {
                "type": "ECS"
              }
            ],
            "deployment_maximum_percent": 200,
            "deployment_minimum_healthy_percent": 50,
            "desired_count": 2,
            "enable_ecs_managed_tags": true,
            "enable_execute_command": false,
            "force_new_deployment": null,
            "health_check_grace_period_seconds": 0,
            "iam_role": null,
            "id": "arn:aws-us-gov:ecs:us-gov-west-1:050779347855:service/production/single-step-service",
            "launch_type": "EC2",
            "load_balancer": [],
            "name": "single-step-service",
            "network_configuration": [],
            "ordered_placement_strategy": [
              {
                "field": "attribute:ecs.availability-zone",
                "type": "spread"
              },
              {
                "field": "instanceId",
                "type": "spread"
              }
            ],
            "placement_constraints": [],
            "platform_version": "",
            "propagate_tags": "NONE",
            "scheduling_strategy": "REPLICA",
            "service_connect_configuration": [],
            "service_registries": [],
            "tags": {},
            "tags_all": {},
            "task_definition": "single-step-service:7",
            "timeouts": null,
            "triggers": {},
            "wait_for_steady_state": null
          },
          "sensitive_attributes": []
        }
      ]
    },
    {
      "mode": "managed",
      "type": "aws_ecs_service",
      "name": "spring_config_server",
      "provider": "provider[\"registry.terraform.io/hashicorp/aws\"]",
      "instances": [
        {
          "schema_version": 0,
          "attributes": {
            "alarms": [],
            "capacity_provider_strategy": [],
            "cluster": "arn:aws-us-gov:ecs:us-gov-west-1:050779347855:cluster/production",
            "deployment_circuit_breaker": [
              {
                "enable": false,
                "rollback": false
              }
            ],
            "deployment_controller": [
              {
                "type": "ECS"
              }
            ],
            "deployment_maximum_percent": 200,
            "deployment_minimum_healthy_percent": 50,
            "desired_count": 3,
            "enable_ecs_managed_tags": true,
            "enable_execute_command": false,
            "force_new_deployment": null,
            "health_check_grace_period_seconds": 60,
            "iam_role": "ecsServiceRole",
            "id": "arn:aws-us-gov:ecs:us-gov-west-1:050779347855:service/production/spring-config-server",
            "launch_type": "EC2",
            "load_balancer": [
              {
                "container_name": "spring-config-server",
                "container_port": 8888,
                "elb_name": "",
                "target_group_arn": "arn:aws-us-gov:elasticloadbalancing:us-gov-west-1:050779347855:targetgroup/ecs-default-spring-config-server/f97e706dd938b351"
              }
            ],
            "name": "spring-config-server",
            "network_configuration": [],
            "ordered_placement_strategy": [
              {
                "field": "attribute:ecs.availability-zone",
                "type": "spread"
              },
              {
                "field": "instanceId",
                "type": "spread"
              }
            ],
            "placement_constraints": [],
            "platform_version": "",
            "propagate_tags": "TASK_DEFINITION",
            "scheduling_strategy": "REPLICA",
            "service_connect_configuration": [],
            "service_registries": [],
            "tags": {},
            "tags_all": {},
            "task_definition": "spring-config-server:4",
            "timeouts": null,
            "triggers": {},
            "wait_for_steady_state": null
          },
          "sensitive_attributes": []
        }
      ]
    },
    {
      "mode": "managed",
      "type": "aws_ecs_service",
      "name": "team_service",
      "provider": "provider[\"registry.terraform.io/hashicorp/aws\"]",
      "instances": [
        {
          "schema_version": 0,
          "attributes": {
            "alarms": [],
            "capacity_provider_strategy": [],
            "cluster": "arn:aws-us-gov:ecs:us-gov-west-1:050779347855:cluster/production",
            "deployment_circuit_breaker": [
              {
                "enable": false,
                "rollback": false
              }
            ],
            "deployment_controller": [
              {
                "type": "ECS"
              }
            ],
            "deployment_maximum_percent": 200,
            "deployment_minimum_healthy_percent": 66,
            "desired_count": 3,
            "enable_ecs_managed_tags": true,
            "enable_execute_command": false,
            "force_new_deployment": null,
            "health_check_grace_period_seconds": 0,
            "iam_role": "/aws-service-role/ecs.amazonaws.com/AWSServiceRoleForECS",
            "id": "arn:aws-us-gov:ecs:us-gov-west-1:050779347855:service/production/team-service",
            "launch_type": "EC2",
            "load_balancer": [],
            "name": "team-service",
            "network_configuration": [],
            "ordered_placement_strategy": [
              {
                "field": "attribute:ecs.availability-zone",
                "type": "spread"
              },
              {
                "field": "instanceId",
                "type": "spread"
              }
            ],
            "placement_constraints": [],
            "platform_version": "",
            "propagate_tags": "NONE",
            "scheduling_strategy": "REPLICA",
            "service_connect_configuration": [],
            "service_registries": [
              {
                "container_name": "team-service",
                "container_port": 8256,
                "port": 0,
                "registry_arn": "arn:aws-us-gov:servicediscovery:us-gov-west-1:050779347855:service/srv-egzxeaajyplbuguq"
              }
            ],
            "tags": {},
            "tags_all": {},
            "task_definition": "team-service:3",
            "timeouts": null,
            "triggers": {},
            "wait_for_steady_state": null
          },
          "sensitive_attributes": []
        }
      ]
    },
    {
      "mode": "managed",
      "type": "aws_ecs_service",
      "name": "tenant_configuration_service",
      "provider": "provider[\"registry.terraform.io/hashicorp/aws\"]",
      "instances": [
        {
          "schema_version": 0,
          "attributes": {
            "alarms": [],
            "capacity_provider_strategy": [],
            "cluster": "arn:aws-us-gov:ecs:us-gov-west-1:050779347855:cluster/production",
            "deployment_circuit_breaker": [
              {
                "enable": false,
                "rollback": false
              }
            ],
            "deployment_controller": [
              {
                "type": "ECS"
              }
            ],
            "deployment_maximum_percent": 200,
            "deployment_minimum_healthy_percent": 100,
            "desired_count": 2,
            "enable_ecs_managed_tags": true,
            "enable_execute_command": false,
            "force_new_deployment": null,
            "health_check_grace_period_seconds": 0,
            "iam_role": null,
            "id": "arn:aws-us-gov:ecs:us-gov-west-1:050779347855:service/production/tenant-configuration-service",
            "launch_type": "EC2",
            "load_balancer": [],
            "name": "tenant-configuration-service",
            "network_configuration": [],
            "ordered_placement_strategy": [
              {
                "field": "attribute:ecs.availability-zone",
                "type": "spread"
              },
              {
                "field": "instanceId",
                "type": "spread"
              }
            ],
            "placement_constraints": [],
            "platform_version": "",
            "propagate_tags": "NONE",
            "scheduling_strategy": "REPLICA",
            "service_connect_configuration": [],
            "service_registries": [],
            "tags": {},
            "tags_all": {},
            "task_definition": "tenant-configuration-service:8",
            "timeouts": null,
            "triggers": {},
            "wait_for_steady_state": null
          },
          "sensitive_attributes": []
        }
      ]
    },
    {
      "mode": "managed",
      "type": "aws_ecs_tag",
      "name": "_0b48f8e10fcf41ecaa9c911a569f6fbd_tag_aws_ecs_clusterName",
      "provider": "provider[\"registry.terraform.io/hashicorp/aws\"]",
      "instances": [
        {
          "schema_version": 0,
          "attributes": {
            "id": "arn:aws-us-gov:ecs:us-gov-west-1:050779347855:task/production/0b48f8e10fcf41ecaa9c911a569f6fbd,aws:ecs:clusterName",
            "key": "aws:ecs:clusterName",
            "resource_arn": "arn:aws-us-gov:ecs:us-gov-west-1:050779347855:task/production/0b48f8e10fcf41ecaa9c911a569f6fbd",
            "value": "production"
          },
          "sensitive_attributes": []
        }
      ]
    },
    {
      "mode": "managed",
      "type": "aws_ecs_tag",
      "name": "_0b48f8e10fcf41ecaa9c911a569f6fbd_tag_aws_ecs_serviceName",
      "provider": "provider[\"registry.terraform.io/hashicorp/aws\"]",
      "instances": [
        {
          "schema_version": 0,
          "attributes": {
            "id": "arn:aws-us-gov:ecs:us-gov-west-1:050779347855:task/production/0b48f8e10fcf41ecaa9c911a569f6fbd,aws:ecs:serviceName",
            "key": "aws:ecs:serviceName",
            "resource_arn": "arn:aws-us-gov:ecs:us-gov-west-1:050779347855:task/production/0b48f8e10fcf41ecaa9c911a569f6fbd",
            "value": "media-asset-service"
          },
          "sensitive_attributes": []
        }
      ]
    },
    {
      "mode": "managed",
      "type": "aws_ecs_tag",
      "name": "_14f0545ed2694b669ff439e7558123df_tag_aws_ecs_clusterName",
      "provider": "provider[\"registry.terraform.io/hashicorp/aws\"]",
      "instances": [
        {
          "schema_version": 0,
          "attributes": {
            "id": "arn:aws-us-gov:ecs:us-gov-west-1:050779347855:task/production/14f0545ed2694b669ff439e7558123df,aws:ecs:clusterName",
            "key": "aws:ecs:clusterName",
            "resource_arn": "arn:aws-us-gov:ecs:us-gov-west-1:050779347855:task/production/14f0545ed2694b669ff439e7558123df",
            "value": "production"
          },
          "sensitive_attributes": []
        }
      ]
    },
    {
      "mode": "managed",
      "type": "aws_ecs_tag",
      "name": "_14f0545ed2694b669ff439e7558123df_tag_aws_ecs_serviceName",
      "provider": "provider[\"registry.terraform.io/hashicorp/aws\"]",
      "instances": [
        {
          "schema_version": 0,
          "attributes": {
            "id": "arn:aws-us-gov:ecs:us-gov-west-1:050779347855:task/production/14f0545ed2694b669ff439e7558123df,aws:ecs:serviceName",
            "key": "aws:ecs:serviceName",
            "resource_arn": "arn:aws-us-gov:ecs:us-gov-west-1:050779347855:task/production/14f0545ed2694b669ff439e7558123df",
            "value": "tenant-user-configuration-service"
          },
          "sensitive_attributes": []
        }
      ]
    },
    {
      "mode": "managed",
      "type": "aws_ecs_tag",
      "name": "_155b96f9a33843f6abf95c27b0b1ad1b_tag_aws_ecs_clusterName",
      "provider": "provider[\"registry.terraform.io/hashicorp/aws\"]",
      "instances": [
        {
          "schema_version": 0,
          "attributes": {
            "id": "arn:aws-us-gov:ecs:us-gov-west-1:050779347855:task/production/155b96f9a33843f6abf95c27b0b1ad1b,aws:ecs:clusterName",
            "key": "aws:ecs:clusterName",
            "resource_arn": "arn:aws-us-gov:ecs:us-gov-west-1:050779347855:task/production/155b96f9a33843f6abf95c27b0b1ad1b",
            "value": "production"
          },
          "sensitive_attributes": []
        }
      ]
    },
    {
      "mode": "managed",
      "type": "aws_ecs_tag",
      "name": "_155b96f9a33843f6abf95c27b0b1ad1b_tag_aws_ecs_serviceName",
      "provider": "provider[\"registry.terraform.io/hashicorp/aws\"]",
      "instances": [
        {
          "schema_version": 0,
          "attributes": {
            "id": "arn:aws-us-gov:ecs:us-gov-west-1:050779347855:task/production/155b96f9a33843f6abf95c27b0b1ad1b,aws:ecs:serviceName",
            "key": "aws:ecs:serviceName",
            "resource_arn": "arn:aws-us-gov:ecs:us-gov-west-1:050779347855:task/production/155b96f9a33843f6abf95c27b0b1ad1b",
            "value": "user-data-service"
          },
          "sensitive_attributes": []
        }
      ]
    },
    {
      "mode": "managed",
      "type": "aws_ecs_tag",
      "name": "_155ec77d4fc34fa3868bc5de00f119d4_tag_aws_ecs_clusterName",
      "provider": "provider[\"registry.terraform.io/hashicorp/aws\"]",
      "instances": [
        {
          "schema_version": 0,
          "attributes": {
            "id": "arn:aws-us-gov:ecs:us-gov-west-1:050779347855:task/production/155ec77d4fc34fa3868bc5de00f119d4,aws:ecs:clusterName",
            "key": "aws:ecs:clusterName",
            "resource_arn": "arn:aws-us-gov:ecs:us-gov-west-1:050779347855:task/production/155ec77d4fc34fa3868bc5de00f119d4",
            "value": "production"
          },
          "sensitive_attributes": []
        }
      ]
    },
    {
      "mode": "managed",
      "type": "aws_ecs_tag",
      "name": "_155ec77d4fc34fa3868bc5de00f119d4_tag_aws_ecs_serviceName",
      "provider": "provider[\"registry.terraform.io/hashicorp/aws\"]",
      "instances": [
        {
          "schema_version": 0,
          "attributes": {
            "id": "arn:aws-us-gov:ecs:us-gov-west-1:050779347855:task/production/155ec77d4fc34fa3868bc5de00f119d4,aws:ecs:serviceName",
            "key": "aws:ecs:serviceName",
            "resource_arn": "arn:aws-us-gov:ecs:us-gov-west-1:050779347855:task/production/155ec77d4fc34fa3868bc5de00f119d4",
            "value": "domain-model-service"
          },
          "sensitive_attributes": []
        }
      ]
    },
    {
      "mode": "managed",
      "type": "aws_ecs_tag",
      "name": "_1c16487ad7c647b49cadc776ab54acda_tag_aws_ecs_clusterName",
      "provider": "provider[\"registry.terraform.io/hashicorp/aws\"]",
      "instances": [
        {
          "schema_version": 0,
          "attributes": {
            "id": "arn:aws-us-gov:ecs:us-gov-west-1:050779347855:task/production/1c16487ad7c647b49cadc776ab54acda,aws:ecs:clusterName",
            "key": "aws:ecs:clusterName",
            "resource_arn": "arn:aws-us-gov:ecs:us-gov-west-1:050779347855:task/production/1c16487ad7c647b49cadc776ab54acda",
            "value": "production"
          },
          "sensitive_attributes": []
        }
      ]
    },
    {
      "mode": "managed",
      "type": "aws_ecs_tag",
      "name": "_1c16487ad7c647b49cadc776ab54acda_tag_aws_ecs_serviceName",
      "provider": "provider[\"registry.terraform.io/hashicorp/aws\"]",
      "instances": [
        {
          "schema_version": 0,
          "attributes": {
            "id": "arn:aws-us-gov:ecs:us-gov-west-1:050779347855:task/production/1c16487ad7c647b49cadc776ab54acda,aws:ecs:serviceName",
            "key": "aws:ecs:serviceName",
            "resource_arn": "arn:aws-us-gov:ecs:us-gov-west-1:050779347855:task/production/1c16487ad7c647b49cadc776ab54acda",
            "value": "creator-settings-service"
          },
          "sensitive_attributes": []
        }
      ]
    },
    {
      "mode": "managed",
      "type": "aws_ecs_tag",
      "name": "_1ddd03c17d8049eabb3136bd117a1d12_tag_aws_ecs_clusterName",
      "provider": "provider[\"registry.terraform.io/hashicorp/aws\"]",
      "instances": [
        {
          "schema_version": 0,
          "attributes": {
            "id": "arn:aws-us-gov:ecs:us-gov-west-1:050779347855:task/production/1ddd03c17d8049eabb3136bd117a1d12,aws:ecs:clusterName",
            "key": "aws:ecs:clusterName",
            "resource_arn": "arn:aws-us-gov:ecs:us-gov-west-1:050779347855:task/production/1ddd03c17d8049eabb3136bd117a1d12",
            "value": "production"
          },
          "sensitive_attributes": []
        }
      ]
    },
    {
      "mode": "managed",
      "type": "aws_ecs_tag",
      "name": "_1ddd03c17d8049eabb3136bd117a1d12_tag_aws_ecs_serviceName",
      "provider": "provider[\"registry.terraform.io/hashicorp/aws\"]",
      "instances": [
        {
          "schema_version": 0,
          "attributes": {
            "id": "arn:aws-us-gov:ecs:us-gov-west-1:050779347855:task/production/1ddd03c17d8049eabb3136bd117a1d12,aws:ecs:serviceName",
            "key": "aws:ecs:serviceName",
            "resource_arn": "arn:aws-us-gov:ecs:us-gov-west-1:050779347855:task/production/1ddd03c17d8049eabb3136bd117a1d12",
            "value": "event-tracking-service"
          },
          "sensitive_attributes": []
        }
      ]
    },
    {
      "mode": "managed",
      "type": "aws_ecs_tag",
      "name": "_1ee658d4e5aa4a67ae9850cf426df472_tag_aws_ecs_clusterName",
      "provider": "provider[\"registry.terraform.io/hashicorp/aws\"]",
      "instances": [
        {
          "schema_version": 0,
          "attributes": {
            "id": "arn:aws-us-gov:ecs:us-gov-west-1:050779347855:task/production/1ee658d4e5aa4a67ae9850cf426df472,aws:ecs:clusterName",
            "key": "aws:ecs:clusterName",
            "resource_arn": "arn:aws-us-gov:ecs:us-gov-west-1:050779347855:task/production/1ee658d4e5aa4a67ae9850cf426df472",
            "value": "production"
          },
          "sensitive_attributes": []
        }
      ]
    },
    {
      "mode": "managed",
      "type": "aws_ecs_tag",
      "name": "_1ee658d4e5aa4a67ae9850cf426df472_tag_aws_ecs_serviceName",
      "provider": "provider[\"registry.terraform.io/hashicorp/aws\"]",
      "instances": [
        {
          "schema_version": 0,
          "attributes": {
            "id": "arn:aws-us-gov:ecs:us-gov-west-1:050779347855:task/production/1ee658d4e5aa4a67ae9850cf426df472,aws:ecs:serviceName",
            "key": "aws:ecs:serviceName",
            "resource_arn": "arn:aws-us-gov:ecs:us-gov-west-1:050779347855:task/production/1ee658d4e5aa4a67ae9850cf426df472",
            "value": "learner-graphql-api"
          },
          "sensitive_attributes": []
        }
      ]
    },
    {
      "mode": "managed",
      "type": "aws_ecs_tag",
      "name": "_20df142eca5844e8b17911fa09cdb126_tag_aws_ecs_clusterName",
      "provider": "provider[\"registry.terraform.io/hashicorp/aws\"]",
      "instances": [
        {
          "schema_version": 0,
          "attributes": {
            "id": "arn:aws-us-gov:ecs:us-gov-west-1:050779347855:task/production/20df142eca5844e8b17911fa09cdb126,aws:ecs:clusterName",
            "key": "aws:ecs:clusterName",
            "resource_arn": "arn:aws-us-gov:ecs:us-gov-west-1:050779347855:task/production/20df142eca5844e8b17911fa09cdb126",
            "value": "production"
          },
          "sensitive_attributes": []
        }
      ]
    },
    {
      "mode": "managed",
      "type": "aws_ecs_tag",
      "name": "_20df142eca5844e8b17911fa09cdb126_tag_aws_ecs_serviceName",
      "provider": "provider[\"registry.terraform.io/hashicorp/aws\"]",
      "instances": [
        {
          "schema_version": 0,
          "attributes": {
            "id": "arn:aws-us-gov:ecs:us-gov-west-1:050779347855:task/production/20df142eca5844e8b17911fa09cdb126,aws:ecs:serviceName",
            "key": "aws:ecs:serviceName",
            "resource_arn": "arn:aws-us-gov:ecs:us-gov-west-1:050779347855:task/production/20df142eca5844e8b17911fa09cdb126",
            "value": "team-service"
          },
          "sensitive_attributes": []
        }
      ]
    },
    {
      "mode": "managed",
      "type": "aws_ecs_tag",
      "name": "_216e8eab5fbb4bf08da7af5e6756cc98_tag_aws_ecs_clusterName",
      "provider": "provider[\"registry.terraform.io/hashicorp/aws\"]",
      "instances": [
        {
          "schema_version": 0,
          "attributes": {
            "id": "arn:aws-us-gov:ecs:us-gov-west-1:050779347855:task/production/216e8eab5fbb4bf08da7af5e6756cc98,aws:ecs:clusterName",
            "key": "aws:ecs:clusterName",
            "resource_arn": "arn:aws-us-gov:ecs:us-gov-west-1:050779347855:task/production/216e8eab5fbb4bf08da7af5e6756cc98",
            "value": "production"
          },
          "sensitive_attributes": []
        }
      ]
    },
    {
      "mode": "managed",
      "type": "aws_ecs_tag",
      "name": "_216e8eab5fbb4bf08da7af5e6756cc98_tag_aws_ecs_serviceName",
      "provider": "provider[\"registry.terraform.io/hashicorp/aws\"]",
      "instances": [
        {
          "schema_version": 0,
          "attributes": {
            "id": "arn:aws-us-gov:ecs:us-gov-west-1:050779347855:task/production/216e8eab5fbb4bf08da7af5e6756cc98,aws:ecs:serviceName",
            "key": "aws:ecs:serviceName",
            "resource_arn": "arn:aws-us-gov:ecs:us-gov-west-1:050779347855:task/production/216e8eab5fbb4bf08da7af5e6756cc98",
            "value": "market-search-service"
          },
          "sensitive_attributes": []
        }
      ]
    },
    {
      "mode": "managed",
      "type": "aws_ecs_tag",
      "name": "_24447e2086fb40c98746d6958d9519a5_tag_aws_ecs_clusterName",
      "provider": "provider[\"registry.terraform.io/hashicorp/aws\"]",
      "instances": [
        {
          "schema_version": 0,
          "attributes": {
            "id": "arn:aws-us-gov:ecs:us-gov-west-1:050779347855:task/production/24447e2086fb40c98746d6958d9519a5,aws:ecs:clusterName",
            "key": "aws:ecs:clusterName",
            "resource_arn": "arn:aws-us-gov:ecs:us-gov-west-1:050779347855:task/production/24447e2086fb40c98746d6958d9519a5",
            "value": "production"
          },
          "sensitive_attributes": []
        }
      ]
    },
    {
      "mode": "managed",
      "type": "aws_ecs_tag",
      "name": "_24447e2086fb40c98746d6958d9519a5_tag_aws_ecs_serviceName",
      "provider": "provider[\"registry.terraform.io/hashicorp/aws\"]",
      "instances": [
        {
          "schema_version": 0,
          "attributes": {
            "id": "arn:aws-us-gov:ecs:us-gov-west-1:050779347855:task/production/24447e2086fb40c98746d6958d9519a5,aws:ecs:serviceName",
            "key": "aws:ecs:serviceName",
            "resource_arn": "arn:aws-us-gov:ecs:us-gov-west-1:050779347855:task/production/24447e2086fb40c98746d6958d9519a5",
            "value": "market-subscription-service"
          },
          "sensitive_attributes": []
        }
      ]
    },
    {
      "mode": "managed",
      "type": "aws_ecs_tag",
      "name": "_24f0dce4cf4a46a4a6699c6fcbb5d811_tag_aws_ecs_clusterName",
      "provider": "provider[\"registry.terraform.io/hashicorp/aws\"]",
      "instances": [
        {
          "schema_version": 0,
          "attributes": {
            "id": "arn:aws-us-gov:ecs:us-gov-west-1:050779347855:task/production/24f0dce4cf4a46a4a6699c6fcbb5d811,aws:ecs:clusterName",
            "key": "aws:ecs:clusterName",
            "resource_arn": "arn:aws-us-gov:ecs:us-gov-west-1:050779347855:task/production/24f0dce4cf4a46a4a6699c6fcbb5d811",
            "value": "production"
          },
          "sensitive_attributes": []
        }
      ]
    },
    {
      "mode": "managed",
      "type": "aws_ecs_tag",
      "name": "_24f0dce4cf4a46a4a6699c6fcbb5d811_tag_aws_ecs_serviceName",
      "provider": "provider[\"registry.terraform.io/hashicorp/aws\"]",
      "instances": [
        {
          "schema_version": 0,
          "attributes": {
            "id": "arn:aws-us-gov:ecs:us-gov-west-1:050779347855:task/production/24f0dce4cf4a46a4a6699c6fcbb5d811,aws:ecs:serviceName",
            "key": "aws:ecs:serviceName",
            "resource_arn": "arn:aws-us-gov:ecs:us-gov-west-1:050779347855:task/production/24f0dce4cf4a46a4a6699c6fcbb5d811",
            "value": "code-service"
          },
          "sensitive_attributes": []
        }
      ]
    },
    {
      "mode": "managed",
      "type": "aws_ecs_tag",
      "name": "_28e573c35889438db88559b5027b6e83_tag_aws_ecs_clusterName",
      "provider": "provider[\"registry.terraform.io/hashicorp/aws\"]",
      "instances": [
        {
          "schema_version": 0,
          "attributes": {
            "id": "arn:aws-us-gov:ecs:us-gov-west-1:050779347855:task/production/28e573c35889438db88559b5027b6e83,aws:ecs:clusterName",
            "key": "aws:ecs:clusterName",
            "resource_arn": "arn:aws-us-gov:ecs:us-gov-west-1:050779347855:task/production/28e573c35889438db88559b5027b6e83",
            "value": "production"
          },
          "sensitive_attributes": []
        }
      ]
    },
    {
      "mode": "managed",
      "type": "aws_ecs_tag",
      "name": "_28e573c35889438db88559b5027b6e83_tag_aws_ecs_serviceName",
      "provider": "provider[\"registry.terraform.io/hashicorp/aws\"]",
      "instances": [
        {
          "schema_version": 0,
          "attributes": {
            "id": "arn:aws-us-gov:ecs:us-gov-west-1:050779347855:task/production/28e573c35889438db88559b5027b6e83,aws:ecs:serviceName",
            "key": "aws:ecs:serviceName",
            "resource_arn": "arn:aws-us-gov:ecs:us-gov-west-1:050779347855:task/production/28e573c35889438db88559b5027b6e83",
            "value": "course-content-progress-service"
          },
          "sensitive_attributes": []
        }
      ]
    },
    {
      "mode": "managed",
      "type": "aws_ecs_tag",
      "name": "_2b4e44bf9221497aa13cace17f66dc06_tag_aws_ecs_clusterName",
      "provider": "provider[\"registry.terraform.io/hashicorp/aws\"]",
      "instances": [
        {
          "schema_version": 0,
          "attributes": {
            "id": "arn:aws-us-gov:ecs:us-gov-west-1:050779347855:task/production/2b4e44bf9221497aa13cace17f66dc06,aws:ecs:clusterName",
            "key": "aws:ecs:clusterName",
            "resource_arn": "arn:aws-us-gov:ecs:us-gov-west-1:050779347855:task/production/2b4e44bf9221497aa13cace17f66dc06",
            "value": "production"
          },
          "sensitive_attributes": []
        }
      ]
    },
    {
      "mode": "managed",
      "type": "aws_ecs_tag",
      "name": "_2b4e44bf9221497aa13cace17f66dc06_tag_aws_ecs_serviceName",
      "provider": "provider[\"registry.terraform.io/hashicorp/aws\"]",
      "instances": [
        {
          "schema_version": 0,
          "attributes": {
            "id": "arn:aws-us-gov:ecs:us-gov-west-1:050779347855:task/production/2b4e44bf9221497aa13cace17f66dc06,aws:ecs:serviceName",
            "key": "aws:ecs:serviceName",
            "resource_arn": "arn:aws-us-gov:ecs:us-gov-west-1:050779347855:task/production/2b4e44bf9221497aa13cace17f66dc06",
            "value": "single-step-service"
          },
          "sensitive_attributes": []
        }
      ]
    },
    {
      "mode": "managed",
      "type": "aws_ecs_tag",
      "name": "_2b88bacad74142c7adf5ec97b2f3c132_tag_aws_ecs_clusterName",
      "provider": "provider[\"registry.terraform.io/hashicorp/aws\"]",
      "instances": [
        {
          "schema_version": 0,
          "attributes": {
            "id": "arn:aws-us-gov:ecs:us-gov-west-1:050779347855:task/production/2b88bacad74142c7adf5ec97b2f3c132,aws:ecs:clusterName",
            "key": "aws:ecs:clusterName",
            "resource_arn": "arn:aws-us-gov:ecs:us-gov-west-1:050779347855:task/production/2b88bacad74142c7adf5ec97b2f3c132",
            "value": "production"
          },
          "sensitive_attributes": []
        }
      ]
    },
    {
      "mode": "managed",
      "type": "aws_ecs_tag",
      "name": "_2b88bacad74142c7adf5ec97b2f3c132_tag_aws_ecs_serviceName",
      "provider": "provider[\"registry.terraform.io/hashicorp/aws\"]",
      "instances": [
        {
          "schema_version": 0,
          "attributes": {
            "id": "arn:aws-us-gov:ecs:us-gov-west-1:050779347855:task/production/2b88bacad74142c7adf5ec97b2f3c132,aws:ecs:serviceName",
            "key": "aws:ecs:serviceName",
            "resource_arn": "arn:aws-us-gov:ecs:us-gov-west-1:050779347855:task/production/2b88bacad74142c7adf5ec97b2f3c132",
            "value": "military-user-validator"
          },
          "sensitive_attributes": []
        }
      ]
    },
    {
      "mode": "managed",
      "type": "aws_ecs_tag",
      "name": "_2d48bf38e94d4171bf0b16d5e174c998_tag_aws_ecs_clusterName",
      "provider": "provider[\"registry.terraform.io/hashicorp/aws\"]",
      "instances": [
        {
          "schema_version": 0,
          "attributes": {
            "id": "arn:aws-us-gov:ecs:us-gov-west-1:050779347855:task/production/2d48bf38e94d4171bf0b16d5e174c998,aws:ecs:clusterName",
            "key": "aws:ecs:clusterName",
            "resource_arn": "arn:aws-us-gov:ecs:us-gov-west-1:050779347855:task/production/2d48bf38e94d4171bf0b16d5e174c998",
            "value": "production"
          },
          "sensitive_attributes": []
        }
      ]
    },
    {
      "mode": "managed",
      "type": "aws_ecs_tag",
      "name": "_2d48bf38e94d4171bf0b16d5e174c998_tag_aws_ecs_serviceName",
      "provider": "provider[\"registry.terraform.io/hashicorp/aws\"]",
      "instances": [
        {
          "schema_version": 0,
          "attributes": {
            "id": "arn:aws-us-gov:ecs:us-gov-west-1:050779347855:task/production/2d48bf38e94d4171bf0b16d5e174c998,aws:ecs:serviceName",
            "key": "aws:ecs:serviceName",
            "resource_arn": "arn:aws-us-gov:ecs:us-gov-west-1:050779347855:task/production/2d48bf38e94d4171bf0b16d5e174c998",
            "value": "market-subscription-service"
          },
          "sensitive_attributes": []
        }
      ]
    },
    {
      "mode": "managed",
      "type": "aws_ecs_tag",
      "name": "_323d8ae24a9f47739d1bf2a8a23c6cca_tag_aws_ecs_clusterName",
      "provider": "provider[\"registry.terraform.io/hashicorp/aws\"]",
      "instances": [
        {
          "schema_version": 0,
          "attributes": {
            "id": "arn:aws-us-gov:ecs:us-gov-west-1:050779347855:task/production/323d8ae24a9f47739d1bf2a8a23c6cca,aws:ecs:clusterName",
            "key": "aws:ecs:clusterName",
            "resource_arn": "arn:aws-us-gov:ecs:us-gov-west-1:050779347855:task/production/323d8ae24a9f47739d1bf2a8a23c6cca",
            "value": "production"
          },
          "sensitive_attributes": []
        }
      ]
    },
    {
      "mode": "managed",
      "type": "aws_ecs_tag",
      "name": "_323d8ae24a9f47739d1bf2a8a23c6cca_tag_aws_ecs_serviceName",
      "provider": "provider[\"registry.terraform.io/hashicorp/aws\"]",
      "instances": [
        {
          "schema_version": 0,
          "attributes": {
            "id": "arn:aws-us-gov:ecs:us-gov-west-1:050779347855:task/production/323d8ae24a9f47739d1bf2a8a23c6cca,aws:ecs:serviceName",
            "key": "aws:ecs:serviceName",
            "resource_arn": "arn:aws-us-gov:ecs:us-gov-west-1:050779347855:task/production/323d8ae24a9f47739d1bf2a8a23c6cca",
            "value": "media-asset-service"
          },
          "sensitive_attributes": []
        }
      ]
    },
    {
      "mode": "managed",
      "type": "aws_ecs_tag",
      "name": "_32b91c52e61e4fb68b3ac4dfc39eb653_tag_aws_ecs_clusterName",
      "provider": "provider[\"registry.terraform.io/hashicorp/aws\"]",
      "instances": [
        {
          "schema_version": 0,
          "attributes": {
            "id": "arn:aws-us-gov:ecs:us-gov-west-1:050779347855:task/production/32b91c52e61e4fb68b3ac4dfc39eb653,aws:ecs:clusterName",
            "key": "aws:ecs:clusterName",
            "resource_arn": "arn:aws-us-gov:ecs:us-gov-west-1:050779347855:task/production/32b91c52e61e4fb68b3ac4dfc39eb653",
            "value": "production"
          },
          "sensitive_attributes": []
        }
      ]
    },
    {
      "mode": "managed",
      "type": "aws_ecs_tag",
      "name": "_32b91c52e61e4fb68b3ac4dfc39eb653_tag_aws_ecs_serviceName",
      "provider": "provider[\"registry.terraform.io/hashicorp/aws\"]",
      "instances": [
        {
          "schema_version": 0,
          "attributes": {
            "id": "arn:aws-us-gov:ecs:us-gov-west-1:050779347855:task/production/32b91c52e61e4fb68b3ac4dfc39eb653,aws:ecs:serviceName",
            "key": "aws:ecs:serviceName",
            "resource_arn": "arn:aws-us-gov:ecs:us-gov-west-1:050779347855:task/production/32b91c52e61e4fb68b3ac4dfc39eb653",
            "value": "collections-space-service"
          },
          "sensitive_attributes": []
        }
      ]
    },
    {
      "mode": "managed",
      "type": "aws_ecs_tag",
      "name": "_3490d69d0b3348ac8c71aa179b841b2b_tag_aws_ecs_clusterName",
      "provider": "provider[\"registry.terraform.io/hashicorp/aws\"]",
      "instances": [
        {
          "schema_version": 0,
          "attributes": {
            "id": "arn:aws-us-gov:ecs:us-gov-west-1:050779347855:task/production/3490d69d0b3348ac8c71aa179b841b2b,aws:ecs:clusterName",
            "key": "aws:ecs:clusterName",
            "resource_arn": "arn:aws-us-gov:ecs:us-gov-west-1:050779347855:task/production/3490d69d0b3348ac8c71aa179b841b2b",
            "value": "production"
          },
          "sensitive_attributes": []
        }
      ]
    },
    {
      "mode": "managed",
      "type": "aws_ecs_tag",
      "name": "_3490d69d0b3348ac8c71aa179b841b2b_tag_aws_ecs_serviceName",
      "provider": "provider[\"registry.terraform.io/hashicorp/aws\"]",
      "instances": [
        {
          "schema_version": 0,
          "attributes": {
            "id": "arn:aws-us-gov:ecs:us-gov-west-1:050779347855:task/production/3490d69d0b3348ac8c71aa179b841b2b,aws:ecs:serviceName",
            "key": "aws:ecs:serviceName",
            "resource_arn": "arn:aws-us-gov:ecs:us-gov-west-1:050779347855:task/production/3490d69d0b3348ac8c71aa179b841b2b",
            "value": "content-download-analytics-service"
          },
          "sensitive_attributes": []
        }
      ]
    },
    {
      "mode": "managed",
      "type": "aws_ecs_tag",
      "name": "_364fe3aa76fc45208c23420ecb990b7a_tag_aws_ecs_clusterName",
      "provider": "provider[\"registry.terraform.io/hashicorp/aws\"]",
      "instances": [
        {
          "schema_version": 0,
          "attributes": {
            "id": "arn:aws-us-gov:ecs:us-gov-west-1:050779347855:task/production/364fe3aa76fc45208c23420ecb990b7a,aws:ecs:clusterName",
            "key": "aws:ecs:clusterName",
            "resource_arn": "arn:aws-us-gov:ecs:us-gov-west-1:050779347855:task/production/364fe3aa76fc45208c23420ecb990b7a",
            "value": "production"
          },
          "sensitive_attributes": []
        }
      ]
    },
    {
      "mode": "managed",
      "type": "aws_ecs_tag",
      "name": "_364fe3aa76fc45208c23420ecb990b7a_tag_aws_ecs_serviceName",
      "provider": "provider[\"registry.terraform.io/hashicorp/aws\"]",
      "instances": [
        {
          "schema_version": 0,
          "attributes": {
            "id": "arn:aws-us-gov:ecs:us-gov-west-1:050779347855:task/production/364fe3aa76fc45208c23420ecb990b7a,aws:ecs:serviceName",
            "key": "aws:ecs:serviceName",
            "resource_arn": "arn:aws-us-gov:ecs:us-gov-west-1:050779347855:task/production/364fe3aa76fc45208c23420ecb990b7a",
            "value": "notification-service"
          },
          "sensitive_attributes": []
        }
      ]
    },
    {
      "mode": "managed",
      "type": "aws_ecs_tag",
      "name": "_3a17302264bb4e51abf785dc0260aea9_tag_aws_ecs_clusterName",
      "provider": "provider[\"registry.terraform.io/hashicorp/aws\"]",
      "instances": [
        {
          "schema_version": 0,
          "attributes": {
            "id": "arn:aws-us-gov:ecs:us-gov-west-1:050779347855:task/production/3a17302264bb4e51abf785dc0260aea9,aws:ecs:clusterName",
            "key": "aws:ecs:clusterName",
            "resource_arn": "arn:aws-us-gov:ecs:us-gov-west-1:050779347855:task/production/3a17302264bb4e51abf785dc0260aea9",
            "value": "production"
          },
          "sensitive_attributes": []
        }
      ]
    },
    {
      "mode": "managed",
      "type": "aws_ecs_tag",
      "name": "_3a17302264bb4e51abf785dc0260aea9_tag_aws_ecs_serviceName",
      "provider": "provider[\"registry.terraform.io/hashicorp/aws\"]",
      "instances": [
        {
          "schema_version": 0,
          "attributes": {
            "id": "arn:aws-us-gov:ecs:us-gov-west-1:050779347855:task/production/3a17302264bb4e51abf785dc0260aea9,aws:ecs:serviceName",
            "key": "aws:ecs:serviceName",
            "resource_arn": "arn:aws-us-gov:ecs:us-gov-west-1:050779347855:task/production/3a17302264bb4e51abf785dc0260aea9",
            "value": "creator-user-settings-service"
          },
          "sensitive_attributes": []
        }
      ]
    },
    {
      "mode": "managed",
      "type": "aws_ecs_tag",
      "name": "_3bddc138d8f849bab2d0e8b465df3768_tag_aws_ecs_clusterName",
      "provider": "provider[\"registry.terraform.io/hashicorp/aws\"]",
      "instances": [
        {
          "schema_version": 0,
          "attributes": {
            "id": "arn:aws-us-gov:ecs:us-gov-west-1:050779347855:task/production/3bddc138d8f849bab2d0e8b465df3768,aws:ecs:clusterName",
            "key": "aws:ecs:clusterName",
            "resource_arn": "arn:aws-us-gov:ecs:us-gov-west-1:050779347855:task/production/3bddc138d8f849bab2d0e8b465df3768",
            "value": "production"
          },
          "sensitive_attributes": []
        }
      ]
    },
    {
      "mode": "managed",
      "type": "aws_ecs_tag",
      "name": "_3bddc138d8f849bab2d0e8b465df3768_tag_aws_ecs_serviceName",
      "provider": "provider[\"registry.terraform.io/hashicorp/aws\"]",
      "instances": [
        {
          "schema_version": 0,
          "attributes": {
            "id": "arn:aws-us-gov:ecs:us-gov-west-1:050779347855:task/production/3bddc138d8f849bab2d0e8b465df3768,aws:ecs:serviceName",
            "key": "aws:ecs:serviceName",
            "resource_arn": "arn:aws-us-gov:ecs:us-gov-west-1:050779347855:task/production/3bddc138d8f849bab2d0e8b465df3768",
            "value": "market-search-service"
          },
          "sensitive_attributes": []
        }
      ]
    },
    {
      "mode": "managed",
      "type": "aws_ecs_tag",
      "name": "_3f982519d222495989184b298e045fa4_tag_aws_ecs_clusterName",
      "provider": "provider[\"registry.terraform.io/hashicorp/aws\"]",
      "instances": [
        {
          "schema_version": 0,
          "attributes": {
            "id": "arn:aws-us-gov:ecs:us-gov-west-1:050779347855:task/production/3f982519d222495989184b298e045fa4,aws:ecs:clusterName",
            "key": "aws:ecs:clusterName",
            "resource_arn": "arn:aws-us-gov:ecs:us-gov-west-1:050779347855:task/production/3f982519d222495989184b298e045fa4",
            "value": "production"
          },
          "sensitive_attributes": []
        }
      ]
    },
    {
      "mode": "managed",
      "type": "aws_ecs_tag",
      "name": "_3f982519d222495989184b298e045fa4_tag_aws_ecs_serviceName",
      "provider": "provider[\"registry.terraform.io/hashicorp/aws\"]",
      "instances": [
        {
          "schema_version": 0,
          "attributes": {
            "id": "arn:aws-us-gov:ecs:us-gov-west-1:050779347855:task/production/3f982519d222495989184b298e045fa4,aws:ecs:serviceName",
            "key": "aws:ecs:serviceName",
            "resource_arn": "arn:aws-us-gov:ecs:us-gov-west-1:050779347855:task/production/3f982519d222495989184b298e045fa4",
            "value": "aws-xray-daemon"
          },
          "sensitive_attributes": []
        }
      ]
    },
    {
      "mode": "managed",
      "type": "aws_ecs_tag",
      "name": "_42bfd21018ac4c43871ad0f01bff2e08_tag_aws_ecs_clusterName",
      "provider": "provider[\"registry.terraform.io/hashicorp/aws\"]",
      "instances": [
        {
          "schema_version": 0,
          "attributes": {
            "id": "arn:aws-us-gov:ecs:us-gov-west-1:050779347855:task/production/42bfd21018ac4c43871ad0f01bff2e08,aws:ecs:clusterName",
            "key": "aws:ecs:clusterName",
            "resource_arn": "arn:aws-us-gov:ecs:us-gov-west-1:050779347855:task/production/42bfd21018ac4c43871ad0f01bff2e08",
            "value": "production"
          },
          "sensitive_attributes": []
        }
      ]
    },
    {
      "mode": "managed",
      "type": "aws_ecs_tag",
      "name": "_42bfd21018ac4c43871ad0f01bff2e08_tag_aws_ecs_serviceName",
      "provider": "provider[\"registry.terraform.io/hashicorp/aws\"]",
      "instances": [
        {
          "schema_version": 0,
          "attributes": {
            "id": "arn:aws-us-gov:ecs:us-gov-west-1:050779347855:task/production/42bfd21018ac4c43871ad0f01bff2e08,aws:ecs:serviceName",
            "key": "aws:ecs:serviceName",
            "resource_arn": "arn:aws-us-gov:ecs:us-gov-west-1:050779347855:task/production/42bfd21018ac4c43871ad0f01bff2e08",
            "value": "learning-media-service"
          },
          "sensitive_attributes": []
        }
      ]
    },
    {
      "mode": "managed",
      "type": "aws_ecs_tag",
      "name": "_48d6e3d1ac9844ddb58972468e8230af_tag_aws_ecs_clusterName",
      "provider": "provider[\"registry.terraform.io/hashicorp/aws\"]",
      "instances": [
        {
          "schema_version": 0,
          "attributes": {
            "id": "arn:aws-us-gov:ecs:us-gov-west-1:050779347855:task/production/48d6e3d1ac9844ddb58972468e8230af,aws:ecs:clusterName",
            "key": "aws:ecs:clusterName",
            "resource_arn": "arn:aws-us-gov:ecs:us-gov-west-1:050779347855:task/production/48d6e3d1ac9844ddb58972468e8230af",
            "value": "production"
          },
          "sensitive_attributes": []
        }
      ]
    },
    {
      "mode": "managed",
      "type": "aws_ecs_tag",
      "name": "_48d6e3d1ac9844ddb58972468e8230af_tag_aws_ecs_serviceName",
      "provider": "provider[\"registry.terraform.io/hashicorp/aws\"]",
      "instances": [
        {
          "schema_version": 0,
          "attributes": {
            "id": "arn:aws-us-gov:ecs:us-gov-west-1:050779347855:task/production/48d6e3d1ac9844ddb58972468e8230af,aws:ecs:serviceName",
            "key": "aws:ecs:serviceName",
            "resource_arn": "arn:aws-us-gov:ecs:us-gov-west-1:050779347855:task/production/48d6e3d1ac9844ddb58972468e8230af",
            "value": "image-reference-service"
          },
          "sensitive_attributes": []
        }
      ]
    },
    {
      "mode": "managed",
      "type": "aws_ecs_tag",
      "name": "_4bc40c395cef4296bf11ce256defb0e3_tag_aws_ecs_clusterName",
      "provider": "provider[\"registry.terraform.io/hashicorp/aws\"]",
      "instances": [
        {
          "schema_version": 0,
          "attributes": {
            "id": "arn:aws-us-gov:ecs:us-gov-west-1:050779347855:task/production/4bc40c395cef4296bf11ce256defb0e3,aws:ecs:clusterName",
            "key": "aws:ecs:clusterName",
            "resource_arn": "arn:aws-us-gov:ecs:us-gov-west-1:050779347855:task/production/4bc40c395cef4296bf11ce256defb0e3",
            "value": "production"
          },
          "sensitive_attributes": []
        }
      ]
    },
    {
      "mode": "managed",
      "type": "aws_ecs_tag",
      "name": "_4bc40c395cef4296bf11ce256defb0e3_tag_aws_ecs_serviceName",
      "provider": "provider[\"registry.terraform.io/hashicorp/aws\"]",
      "instances": [
        {
          "schema_version": 0,
          "attributes": {
            "id": "arn:aws-us-gov:ecs:us-gov-west-1:050779347855:task/production/4bc40c395cef4296bf11ce256defb0e3,aws:ecs:serviceName",
            "key": "aws:ecs:serviceName",
            "resource_arn": "arn:aws-us-gov:ecs:us-gov-west-1:050779347855:task/production/4bc40c395cef4296bf11ce256defb0e3",
            "value": "xapi-service"
          },
          "sensitive_attributes": []
        }
      ]
    },
    {
      "mode": "managed",
      "type": "aws_ecs_tag",
      "name": "_4c150041a9244eef95402d2c33d3b779_tag_aws_ecs_clusterName",
      "provider": "provider[\"registry.terraform.io/hashicorp/aws\"]",
      "instances": [
        {
          "schema_version": 0,
          "attributes": {
            "id": "arn:aws-us-gov:ecs:us-gov-west-1:050779347855:task/production/4c150041a9244eef95402d2c33d3b779,aws:ecs:clusterName",
            "key": "aws:ecs:clusterName",
            "resource_arn": "arn:aws-us-gov:ecs:us-gov-west-1:050779347855:task/production/4c150041a9244eef95402d2c33d3b779",
            "value": "production"
          },
          "sensitive_attributes": []
        }
      ]
    },
    {
      "mode": "managed",
      "type": "aws_ecs_tag",
      "name": "_4c150041a9244eef95402d2c33d3b779_tag_aws_ecs_serviceName",
      "provider": "provider[\"registry.terraform.io/hashicorp/aws\"]",
      "instances": [
        {
          "schema_version": 0,
          "attributes": {
            "id": "arn:aws-us-gov:ecs:us-gov-west-1:050779347855:task/production/4c150041a9244eef95402d2c33d3b779,aws:ecs:serviceName",
            "key": "aws:ecs:serviceName",
            "resource_arn": "arn:aws-us-gov:ecs:us-gov-west-1:050779347855:task/production/4c150041a9244eef95402d2c33d3b779",
            "value": "course-content-progress-service"
          },
          "sensitive_attributes": []
        }
      ]
    },
    {
      "mode": "managed",
      "type": "aws_ecs_tag",
      "name": "_4f6f5f23a8f44ff1bf45de3030730c27_tag_aws_ecs_clusterName",
      "provider": "provider[\"registry.terraform.io/hashicorp/aws\"]",
      "instances": [
        {
          "schema_version": 0,
          "attributes": {
            "id": "arn:aws-us-gov:ecs:us-gov-west-1:050779347855:task/production/4f6f5f23a8f44ff1bf45de3030730c27,aws:ecs:clusterName",
            "key": "aws:ecs:clusterName",
            "resource_arn": "arn:aws-us-gov:ecs:us-gov-west-1:050779347855:task/production/4f6f5f23a8f44ff1bf45de3030730c27",
            "value": "production"
          },
          "sensitive_attributes": []
        }
      ]
    },
    {
      "mode": "managed",
      "type": "aws_ecs_tag",
      "name": "_4f6f5f23a8f44ff1bf45de3030730c27_tag_aws_ecs_serviceName",
      "provider": "provider[\"registry.terraform.io/hashicorp/aws\"]",
      "instances": [
        {
          "schema_version": 0,
          "attributes": {
            "id": "arn:aws-us-gov:ecs:us-gov-west-1:050779347855:task/production/4f6f5f23a8f44ff1bf45de3030730c27,aws:ecs:serviceName",
            "key": "aws:ecs:serviceName",
            "resource_arn": "arn:aws-us-gov:ecs:us-gov-west-1:050779347855:task/production/4f6f5f23a8f44ff1bf45de3030730c27",
            "value": "book-tree-service"
          },
          "sensitive_attributes": []
        }
      ]
    },
    {
      "mode": "managed",
      "type": "aws_ecs_tag",
      "name": "_50c3972c8cc948238ed9a8033935319b_tag_aws_ecs_clusterName",
      "provider": "provider[\"registry.terraform.io/hashicorp/aws\"]",
      "instances": [
        {
          "schema_version": 0,
          "attributes": {
            "id": "arn:aws-us-gov:ecs:us-gov-west-1:050779347855:task/production/50c3972c8cc948238ed9a8033935319b,aws:ecs:clusterName",
            "key": "aws:ecs:clusterName",
            "resource_arn": "arn:aws-us-gov:ecs:us-gov-west-1:050779347855:task/production/50c3972c8cc948238ed9a8033935319b",
            "value": "production"
          },
          "sensitive_attributes": []
        }
      ]
    },
    {
      "mode": "managed",
      "type": "aws_ecs_tag",
      "name": "_50c3972c8cc948238ed9a8033935319b_tag_aws_ecs_serviceName",
      "provider": "provider[\"registry.terraform.io/hashicorp/aws\"]",
      "instances": [
        {
          "schema_version": 0,
          "attributes": {
            "id": "arn:aws-us-gov:ecs:us-gov-west-1:050779347855:task/production/50c3972c8cc948238ed9a8033935319b,aws:ecs:serviceName",
            "key": "aws:ecs:serviceName",
            "resource_arn": "arn:aws-us-gov:ecs:us-gov-west-1:050779347855:task/production/50c3972c8cc948238ed9a8033935319b",
            "value": "builder-service"
          },
          "sensitive_attributes": []
        }
      ]
    },
    {
      "mode": "managed",
      "type": "aws_ecs_tag",
      "name": "_5bd63dba81ef43ae9e6bf35496e60729_tag_aws_ecs_clusterName",
      "provider": "provider[\"registry.terraform.io/hashicorp/aws\"]",
      "instances": [
        {
          "schema_version": 0,
          "attributes": {
            "id": "arn:aws-us-gov:ecs:us-gov-west-1:050779347855:task/production/5bd63dba81ef43ae9e6bf35496e60729,aws:ecs:clusterName",
            "key": "aws:ecs:clusterName",
            "resource_arn": "arn:aws-us-gov:ecs:us-gov-west-1:050779347855:task/production/5bd63dba81ef43ae9e6bf35496e60729",
            "value": "production"
          },
          "sensitive_attributes": []
        }
      ]
    },
    {
      "mode": "managed",
      "type": "aws_ecs_tag",
      "name": "_5bd63dba81ef43ae9e6bf35496e60729_tag_aws_ecs_serviceName",
      "provider": "provider[\"registry.terraform.io/hashicorp/aws\"]",
      "instances": [
        {
          "schema_version": 0,
          "attributes": {
            "id": "arn:aws-us-gov:ecs:us-gov-west-1:050779347855:task/production/5bd63dba81ef43ae9e6bf35496e60729,aws:ecs:serviceName",
            "key": "aws:ecs:serviceName",
            "resource_arn": "arn:aws-us-gov:ecs:us-gov-west-1:050779347855:task/production/5bd63dba81ef43ae9e6bf35496e60729",
            "value": "course-certificate-pdf-service"
          },
          "sensitive_attributes": []
        }
      ]
    },
    {
      "mode": "managed",
      "type": "aws_ecs_tag",
      "name": "_6379595f8bba4643b4ccabb39c988b31_tag_aws_ecs_clusterName",
      "provider": "provider[\"registry.terraform.io/hashicorp/aws\"]",
      "instances": [
        {
          "schema_version": 0,
          "attributes": {
            "id": "arn:aws-us-gov:ecs:us-gov-west-1:050779347855:task/production/6379595f8bba4643b4ccabb39c988b31,aws:ecs:clusterName",
            "key": "aws:ecs:clusterName",
            "resource_arn": "arn:aws-us-gov:ecs:us-gov-west-1:050779347855:task/production/6379595f8bba4643b4ccabb39c988b31",
            "value": "production"
          },
          "sensitive_attributes": []
        }
      ]
    },
    {
      "mode": "managed",
      "type": "aws_ecs_tag",
      "name": "_6379595f8bba4643b4ccabb39c988b31_tag_aws_ecs_serviceName",
      "provider": "provider[\"registry.terraform.io/hashicorp/aws\"]",
      "instances": [
        {
          "schema_version": 0,
          "attributes": {
            "id": "arn:aws-us-gov:ecs:us-gov-west-1:050779347855:task/production/6379595f8bba4643b4ccabb39c988b31,aws:ecs:serviceName",
            "key": "aws:ecs:serviceName",
            "resource_arn": "arn:aws-us-gov:ecs:us-gov-west-1:050779347855:task/production/6379595f8bba4643b4ccabb39c988b31",
            "value": "learner-graphql-api"
          },
          "sensitive_attributes": []
        }
      ]
    },
    {
      "mode": "managed",
      "type": "aws_ecs_tag",
      "name": "_65f0369136e041aaa94f8d0cd9684da7_tag_aws_ecs_clusterName",
      "provider": "provider[\"registry.terraform.io/hashicorp/aws\"]",
      "instances": [
        {
          "schema_version": 0,
          "attributes": {
            "id": "arn:aws-us-gov:ecs:us-gov-west-1:050779347855:task/production/65f0369136e041aaa94f8d0cd9684da7,aws:ecs:clusterName",
            "key": "aws:ecs:clusterName",
            "resource_arn": "arn:aws-us-gov:ecs:us-gov-west-1:050779347855:task/production/65f0369136e041aaa94f8d0cd9684da7",
            "value": "production"
          },
          "sensitive_attributes": []
        }
      ]
    },
    {
      "mode": "managed",
      "type": "aws_ecs_tag",
      "name": "_65f0369136e041aaa94f8d0cd9684da7_tag_aws_ecs_serviceName",
      "provider": "provider[\"registry.terraform.io/hashicorp/aws\"]",
      "instances": [
        {
          "schema_version": 0,
          "attributes": {
            "id": "arn:aws-us-gov:ecs:us-gov-west-1:050779347855:task/production/65f0369136e041aaa94f8d0cd9684da7,aws:ecs:serviceName",
            "key": "aws:ecs:serviceName",
            "resource_arn": "arn:aws-us-gov:ecs:us-gov-west-1:050779347855:task/production/65f0369136e041aaa94f8d0cd9684da7",
            "value": "aws-xray-daemon"
          },
          "sensitive_attributes": []
        }
      ]
    },
    {
      "mode": "managed",
      "type": "aws_ecs_tag",
      "name": "_6d75c6c324024816b29ae0284e1512eb_tag_aws_ecs_clusterName",
      "provider": "provider[\"registry.terraform.io/hashicorp/aws\"]",
      "instances": [
        {
          "schema_version": 0,
          "attributes": {
            "id": "arn:aws-us-gov:ecs:us-gov-west-1:050779347855:task/production/6d75c6c324024816b29ae0284e1512eb,aws:ecs:clusterName",
            "key": "aws:ecs:clusterName",
            "resource_arn": "arn:aws-us-gov:ecs:us-gov-west-1:050779347855:task/production/6d75c6c324024816b29ae0284e1512eb",
            "value": "production"
          },
          "sensitive_attributes": []
        }
      ]
    },
    {
      "mode": "managed",
      "type": "aws_ecs_tag",
      "name": "_6d75c6c324024816b29ae0284e1512eb_tag_aws_ecs_serviceName",
      "provider": "provider[\"registry.terraform.io/hashicorp/aws\"]",
      "instances": [
        {
          "schema_version": 0,
          "attributes": {
            "id": "arn:aws-us-gov:ecs:us-gov-west-1:050779347855:task/production/6d75c6c324024816b29ae0284e1512eb,aws:ecs:serviceName",
            "key": "aws:ecs:serviceName",
            "resource_arn": "arn:aws-us-gov:ecs:us-gov-west-1:050779347855:task/production/6d75c6c324024816b29ae0284e1512eb",
            "value": "learning-media-service"
          },
          "sensitive_attributes": []
        }
      ]
    },
    {
      "mode": "managed",
      "type": "aws_ecs_tag",
      "name": "_6d9870983b184c44bd169f9f91be3810_tag_aws_ecs_clusterName",
      "provider": "provider[\"registry.terraform.io/hashicorp/aws\"]",
      "instances": [
        {
          "schema_version": 0,
          "attributes": {
            "id": "arn:aws-us-gov:ecs:us-gov-west-1:050779347855:task/production/6d9870983b184c44bd169f9f91be3810,aws:ecs:clusterName",
            "key": "aws:ecs:clusterName",
            "resource_arn": "arn:aws-us-gov:ecs:us-gov-west-1:050779347855:task/production/6d9870983b184c44bd169f9f91be3810",
            "value": "production"
          },
          "sensitive_attributes": []
        }
      ]
    },
    {
      "mode": "managed",
      "type": "aws_ecs_tag",
      "name": "_6d9870983b184c44bd169f9f91be3810_tag_aws_ecs_serviceName",
      "provider": "provider[\"registry.terraform.io/hashicorp/aws\"]",
      "instances": [
        {
          "schema_version": 0,
          "attributes": {
            "id": "arn:aws-us-gov:ecs:us-gov-west-1:050779347855:task/production/6d9870983b184c44bd169f9f91be3810,aws:ecs:serviceName",
            "key": "aws:ecs:serviceName",
            "resource_arn": "arn:aws-us-gov:ecs:us-gov-west-1:050779347855:task/production/6d9870983b184c44bd169f9f91be3810",
            "value": "external-app-service"
          },
          "sensitive_attributes": []
        }
      ]
    },
    {
      "mode": "managed",
      "type": "aws_ecs_tag",
      "name": "_707e861d602c4b5980c6ccdfac8d6ebc_tag_aws_ecs_clusterName",
      "provider": "provider[\"registry.terraform.io/hashicorp/aws\"]",
      "instances": [
        {
          "schema_version": 0,
          "attributes": {
            "id": "arn:aws-us-gov:ecs:us-gov-west-1:050779347855:task/production/707e861d602c4b5980c6ccdfac8d6ebc,aws:ecs:clusterName",
            "key": "aws:ecs:clusterName",
            "resource_arn": "arn:aws-us-gov:ecs:us-gov-west-1:050779347855:task/production/707e861d602c4b5980c6ccdfac8d6ebc",
            "value": "production"
          },
          "sensitive_attributes": []
        }
      ]
    },
    {
      "mode": "managed",
      "type": "aws_ecs_tag",
      "name": "_707e861d602c4b5980c6ccdfac8d6ebc_tag_aws_ecs_serviceName",
      "provider": "provider[\"registry.terraform.io/hashicorp/aws\"]",
      "instances": [
        {
          "schema_version": 0,
          "attributes": {
            "id": "arn:aws-us-gov:ecs:us-gov-west-1:050779347855:task/production/707e861d602c4b5980c6ccdfac8d6ebc,aws:ecs:serviceName",
            "key": "aws:ecs:serviceName",
            "resource_arn": "arn:aws-us-gov:ecs:us-gov-west-1:050779347855:task/production/707e861d602c4b5980c6ccdfac8d6ebc",
            "value": "tenant-configuration-service"
          },
          "sensitive_attributes": []
        }
      ]
    },
    {
      "mode": "managed",
      "type": "aws_ecs_tag",
      "name": "_758892d3534f4531bc2b4c87e665d9b4_tag_aws_ecs_clusterName",
      "provider": "provider[\"registry.terraform.io/hashicorp/aws\"]",
      "instances": [
        {
          "schema_version": 0,
          "attributes": {
            "id": "arn:aws-us-gov:ecs:us-gov-west-1:050779347855:task/production/758892d3534f4531bc2b4c87e665d9b4,aws:ecs:clusterName",
            "key": "aws:ecs:clusterName",
            "resource_arn": "arn:aws-us-gov:ecs:us-gov-west-1:050779347855:task/production/758892d3534f4531bc2b4c87e665d9b4",
            "value": "production"
          },
          "sensitive_attributes": []
        }
      ]
    },
    {
      "mode": "managed",
      "type": "aws_ecs_tag",
      "name": "_758892d3534f4531bc2b4c87e665d9b4_tag_aws_ecs_serviceName",
      "provider": "provider[\"registry.terraform.io/hashicorp/aws\"]",
      "instances": [
        {
          "schema_version": 0,
          "attributes": {
            "id": "arn:aws-us-gov:ecs:us-gov-west-1:050779347855:task/production/758892d3534f4531bc2b4c87e665d9b4,aws:ecs:serviceName",
            "key": "aws:ecs:serviceName",
            "resource_arn": "arn:aws-us-gov:ecs:us-gov-west-1:050779347855:task/production/758892d3534f4531bc2b4c87e665d9b4",
            "value": "domain-model-service"
          },
          "sensitive_attributes": []
        }
      ]
    },
    {
      "mode": "managed",
      "type": "aws_ecs_tag",
      "name": "_79543872c5114367a1c12049b8325932_tag_aws_ecs_clusterName",
      "provider": "provider[\"registry.terraform.io/hashicorp/aws\"]",
      "instances": [
        {
          "schema_version": 0,
          "attributes": {
            "id": "arn:aws-us-gov:ecs:us-gov-west-1:050779347855:task/production/79543872c5114367a1c12049b8325932,aws:ecs:clusterName",
            "key": "aws:ecs:clusterName",
            "resource_arn": "arn:aws-us-gov:ecs:us-gov-west-1:050779347855:task/production/79543872c5114367a1c12049b8325932",
            "value": "production"
          },
          "sensitive_attributes": []
        }
      ]
    },
    {
      "mode": "managed",
      "type": "aws_ecs_tag",
      "name": "_79543872c5114367a1c12049b8325932_tag_aws_ecs_serviceName",
      "provider": "provider[\"registry.terraform.io/hashicorp/aws\"]",
      "instances": [
        {
          "schema_version": 0,
          "attributes": {
            "id": "arn:aws-us-gov:ecs:us-gov-west-1:050779347855:task/production/79543872c5114367a1c12049b8325932,aws:ecs:serviceName",
            "key": "aws:ecs:serviceName",
            "resource_arn": "arn:aws-us-gov:ecs:us-gov-west-1:050779347855:task/production/79543872c5114367a1c12049b8325932",
            "value": "simple-email-manager"
          },
          "sensitive_attributes": []
        }
      ]
    },
    {
      "mode": "managed",
      "type": "aws_ecs_tag",
      "name": "_79cc6c60b3024c4791169a24e2198940_tag_aws_ecs_clusterName",
      "provider": "provider[\"registry.terraform.io/hashicorp/aws\"]",
      "instances": [
        {
          "schema_version": 0,
          "attributes": {
            "id": "arn:aws-us-gov:ecs:us-gov-west-1:050779347855:task/production/79cc6c60b3024c4791169a24e2198940,aws:ecs:clusterName",
            "key": "aws:ecs:clusterName",
            "resource_arn": "arn:aws-us-gov:ecs:us-gov-west-1:050779347855:task/production/79cc6c60b3024c4791169a24e2198940",
            "value": "production"
          },
          "sensitive_attributes": []
        }
      ]
    },
    {
      "mode": "managed",
      "type": "aws_ecs_tag",
      "name": "_79cc6c60b3024c4791169a24e2198940_tag_aws_ecs_serviceName",
      "provider": "provider[\"registry.terraform.io/hashicorp/aws\"]",
      "instances": [
        {
          "schema_version": 0,
          "attributes": {
            "id": "arn:aws-us-gov:ecs:us-gov-west-1:050779347855:task/production/79cc6c60b3024c4791169a24e2198940,aws:ecs:serviceName",
            "key": "aws:ecs:serviceName",
            "resource_arn": "arn:aws-us-gov:ecs:us-gov-west-1:050779347855:task/production/79cc6c60b3024c4791169a24e2198940",
            "value": "collections-space-service"
          },
          "sensitive_attributes": []
        }
      ]
    },
    {
      "mode": "managed",
      "type": "aws_ecs_tag",
      "name": "_7bf02744e92c4006ab6f1d511242d1db_tag_aws_ecs_clusterName",
      "provider": "provider[\"registry.terraform.io/hashicorp/aws\"]",
      "instances": [
        {
          "schema_version": 0,
          "attributes": {
            "id": "arn:aws-us-gov:ecs:us-gov-west-1:050779347855:task/production/7bf02744e92c4006ab6f1d511242d1db,aws:ecs:clusterName",
            "key": "aws:ecs:clusterName",
            "resource_arn": "arn:aws-us-gov:ecs:us-gov-west-1:050779347855:task/production/7bf02744e92c4006ab6f1d511242d1db",
            "value": "production"
          },
          "sensitive_attributes": []
        }
      ]
    },
    {
      "mode": "managed",
      "type": "aws_ecs_tag",
      "name": "_7bf02744e92c4006ab6f1d511242d1db_tag_aws_ecs_serviceName",
      "provider": "provider[\"registry.terraform.io/hashicorp/aws\"]",
      "instances": [
        {
          "schema_version": 0,
          "attributes": {
            "id": "arn:aws-us-gov:ecs:us-gov-west-1:050779347855:task/production/7bf02744e92c4006ab6f1d511242d1db,aws:ecs:serviceName",
            "key": "aws:ecs:serviceName",
            "resource_arn": "arn:aws-us-gov:ecs:us-gov-west-1:050779347855:task/production/7bf02744e92c4006ab6f1d511242d1db",
            "value": "publication-service"
          },
          "sensitive_attributes": []
        }
      ]
    },
    {
      "mode": "managed",
      "type": "aws_ecs_tag",
      "name": "_7eba8c1c6a90420788e3594d40ff4c5f_tag_aws_ecs_clusterName",
      "provider": "provider[\"registry.terraform.io/hashicorp/aws\"]",
      "instances": [
        {
          "schema_version": 0,
          "attributes": {
            "id": "arn:aws-us-gov:ecs:us-gov-west-1:050779347855:task/production/7eba8c1c6a90420788e3594d40ff4c5f,aws:ecs:clusterName",
            "key": "aws:ecs:clusterName",
            "resource_arn": "arn:aws-us-gov:ecs:us-gov-west-1:050779347855:task/production/7eba8c1c6a90420788e3594d40ff4c5f",
            "value": "production"
          },
          "sensitive_attributes": []
        }
      ]
    },
    {
      "mode": "managed",
      "type": "aws_ecs_tag",
      "name": "_7eba8c1c6a90420788e3594d40ff4c5f_tag_aws_ecs_serviceName",
      "provider": "provider[\"registry.terraform.io/hashicorp/aws\"]",
      "instances": [
        {
          "schema_version": 0,
          "attributes": {
            "id": "arn:aws-us-gov:ecs:us-gov-west-1:050779347855:task/production/7eba8c1c6a90420788e3594d40ff4c5f,aws:ecs:serviceName",
            "key": "aws:ecs:serviceName",
            "resource_arn": "arn:aws-us-gov:ecs:us-gov-west-1:050779347855:task/production/7eba8c1c6a90420788e3594d40ff4c5f",
            "value": "creator-graphql-api"
          },
          "sensitive_attributes": []
        }
      ]
    },
    {
      "mode": "managed",
      "type": "aws_ecs_tag",
      "name": "_7eca70bc2f8a46e8ba3319905a4c3d49_tag_aws_ecs_clusterName",
      "provider": "provider[\"registry.terraform.io/hashicorp/aws\"]",
      "instances": [
        {
          "schema_version": 0,
          "attributes": {
            "id": "arn:aws-us-gov:ecs:us-gov-west-1:050779347855:task/production/7eca70bc2f8a46e8ba3319905a4c3d49,aws:ecs:clusterName",
            "key": "aws:ecs:clusterName",
            "resource_arn": "arn:aws-us-gov:ecs:us-gov-west-1:050779347855:task/production/7eca70bc2f8a46e8ba3319905a4c3d49",
            "value": "production"
          },
          "sensitive_attributes": []
        }
      ]
    },
    {
      "mode": "managed",
      "type": "aws_ecs_tag",
      "name": "_7eca70bc2f8a46e8ba3319905a4c3d49_tag_aws_ecs_serviceName",
      "provider": "provider[\"registry.terraform.io/hashicorp/aws\"]",
      "instances": [
        {
          "schema_version": 0,
          "attributes": {
            "id": "arn:aws-us-gov:ecs:us-gov-west-1:050779347855:task/production/7eca70bc2f8a46e8ba3319905a4c3d49,aws:ecs:serviceName",
            "key": "aws:ecs:serviceName",
            "resource_arn": "arn:aws-us-gov:ecs:us-gov-west-1:050779347855:task/production/7eca70bc2f8a46e8ba3319905a4c3d49",
            "value": "simple-email-manager"
          },
          "sensitive_attributes": []
        }
      ]
    },
    {
      "mode": "managed",
      "type": "aws_ecs_tag",
      "name": "_7efeed09abd241209926ab4fe5f96184_tag_aws_ecs_clusterName",
      "provider": "provider[\"registry.terraform.io/hashicorp/aws\"]",
      "instances": [
        {
          "schema_version": 0,
          "attributes": {
            "id": "arn:aws-us-gov:ecs:us-gov-west-1:050779347855:task/production/7efeed09abd241209926ab4fe5f96184,aws:ecs:clusterName",
            "key": "aws:ecs:clusterName",
            "resource_arn": "arn:aws-us-gov:ecs:us-gov-west-1:050779347855:task/production/7efeed09abd241209926ab4fe5f96184",
            "value": "production"
          },
          "sensitive_attributes": []
        }
      ]
    },
    {
      "mode": "managed",
      "type": "aws_ecs_tag",
      "name": "_7efeed09abd241209926ab4fe5f96184_tag_aws_ecs_serviceName",
      "provider": "provider[\"registry.terraform.io/hashicorp/aws\"]",
      "instances": [
        {
          "schema_version": 0,
          "attributes": {
            "id": "arn:aws-us-gov:ecs:us-gov-west-1:050779347855:task/production/7efeed09abd241209926ab4fe5f96184,aws:ecs:serviceName",
            "key": "aws:ecs:serviceName",
            "resource_arn": "arn:aws-us-gov:ecs:us-gov-west-1:050779347855:task/production/7efeed09abd241209926ab4fe5f96184",
            "value": "learner-graphql-api"
          },
          "sensitive_attributes": []
        }
      ]
    },
    {
      "mode": "managed",
      "type": "aws_ecs_tag",
      "name": "_7f3903d8204c40de928bbbf075fc3dfc_tag_aws_ecs_clusterName",
      "provider": "provider[\"registry.terraform.io/hashicorp/aws\"]",
      "instances": [
        {
          "schema_version": 0,
          "attributes": {
            "id": "arn:aws-us-gov:ecs:us-gov-west-1:050779347855:task/production/7f3903d8204c40de928bbbf075fc3dfc,aws:ecs:clusterName",
            "key": "aws:ecs:clusterName",
            "resource_arn": "arn:aws-us-gov:ecs:us-gov-west-1:050779347855:task/production/7f3903d8204c40de928bbbf075fc3dfc",
            "value": "production"
          },
          "sensitive_attributes": []
        }
      ]
    },
    {
      "mode": "managed",
      "type": "aws_ecs_tag",
      "name": "_7f3903d8204c40de928bbbf075fc3dfc_tag_aws_ecs_serviceName",
      "provider": "provider[\"registry.terraform.io/hashicorp/aws\"]",
      "instances": [
        {
          "schema_version": 0,
          "attributes": {
            "id": "arn:aws-us-gov:ecs:us-gov-west-1:050779347855:task/production/7f3903d8204c40de928bbbf075fc3dfc,aws:ecs:serviceName",
            "key": "aws:ecs:serviceName",
            "resource_arn": "arn:aws-us-gov:ecs:us-gov-west-1:050779347855:task/production/7f3903d8204c40de928bbbf075fc3dfc",
            "value": "publication-service"
          },
          "sensitive_attributes": []
        }
      ]
    },
    {
      "mode": "managed",
      "type": "aws_ecs_tag",
      "name": "_84506e5c47374a1d8a85e107842cff0e_tag_aws_ecs_clusterName",
      "provider": "provider[\"registry.terraform.io/hashicorp/aws\"]",
      "instances": [
        {
          "schema_version": 0,
          "attributes": {
            "id": "arn:aws-us-gov:ecs:us-gov-west-1:050779347855:task/production/84506e5c47374a1d8a85e107842cff0e,aws:ecs:clusterName",
            "key": "aws:ecs:clusterName",
            "resource_arn": "arn:aws-us-gov:ecs:us-gov-west-1:050779347855:task/production/84506e5c47374a1d8a85e107842cff0e",
            "value": "production"
          },
          "sensitive_attributes": []
        }
      ]
    },
    {
      "mode": "managed",
      "type": "aws_ecs_tag",
      "name": "_84506e5c47374a1d8a85e107842cff0e_tag_aws_ecs_serviceName",
      "provider": "provider[\"registry.terraform.io/hashicorp/aws\"]",
      "instances": [
        {
          "schema_version": 0,
          "attributes": {
            "id": "arn:aws-us-gov:ecs:us-gov-west-1:050779347855:task/production/84506e5c47374a1d8a85e107842cff0e,aws:ecs:serviceName",
            "key": "aws:ecs:serviceName",
            "resource_arn": "arn:aws-us-gov:ecs:us-gov-west-1:050779347855:task/production/84506e5c47374a1d8a85e107842cff0e",
            "value": "book-tree-service"
          },
          "sensitive_attributes": []
        }
      ]
    },
    {
      "mode": "managed",
      "type": "aws_ecs_tag",
      "name": "_84ff3558c632449580a228bae5e2e8a8_tag_aws_ecs_clusterName",
      "provider": "provider[\"registry.terraform.io/hashicorp/aws\"]",
      "instances": [
        {
          "schema_version": 0,
          "attributes": {
            "id": "arn:aws-us-gov:ecs:us-gov-west-1:050779347855:task/production/84ff3558c632449580a228bae5e2e8a8,aws:ecs:clusterName",
            "key": "aws:ecs:clusterName",
            "resource_arn": "arn:aws-us-gov:ecs:us-gov-west-1:050779347855:task/production/84ff3558c632449580a228bae5e2e8a8",
            "value": "production"
          },
          "sensitive_attributes": []
        }
      ]
    },
    {
      "mode": "managed",
      "type": "aws_ecs_tag",
      "name": "_84ff3558c632449580a228bae5e2e8a8_tag_aws_ecs_serviceName",
      "provider": "provider[\"registry.terraform.io/hashicorp/aws\"]",
      "instances": [
        {
          "schema_version": 0,
          "attributes": {
            "id": "arn:aws-us-gov:ecs:us-gov-west-1:050779347855:task/production/84ff3558c632449580a228bae5e2e8a8,aws:ecs:serviceName",
            "key": "aws:ecs:serviceName",
            "resource_arn": "arn:aws-us-gov:ecs:us-gov-west-1:050779347855:task/production/84ff3558c632449580a228bae5e2e8a8",
            "value": "course-instance-service"
          },
          "sensitive_attributes": []
        }
      ]
    },
    {
      "mode": "managed",
      "type": "aws_ecs_tag",
      "name": "_877055a238cb465b93bfb98a21eb5f96_tag_Version",
      "provider": "provider[\"registry.terraform.io/hashicorp/aws\"]",
      "instances": [
        {
          "schema_version": 0,
          "attributes": {
            "id": "arn:aws-us-gov:ecs:us-gov-west-1:050779347855:task/production/877055a238cb465b93bfb98a21eb5f96,Version",
            "key": "Version",
            "resource_arn": "arn:aws-us-gov:ecs:us-gov-west-1:050779347855:task/production/877055a238cb465b93bfb98a21eb5f96",
            "value": "1.0-54"
          },
          "sensitive_attributes": []
        }
      ]
    },
    {
      "mode": "managed",
      "type": "aws_ecs_tag",
      "name": "_877055a238cb465b93bfb98a21eb5f96_tag_aws_ecs_clusterName",
      "provider": "provider[\"registry.terraform.io/hashicorp/aws\"]",
      "instances": [
        {
          "schema_version": 0,
          "attributes": {
            "id": "arn:aws-us-gov:ecs:us-gov-west-1:050779347855:task/production/877055a238cb465b93bfb98a21eb5f96,aws:ecs:clusterName",
            "key": "aws:ecs:clusterName",
            "resource_arn": "arn:aws-us-gov:ecs:us-gov-west-1:050779347855:task/production/877055a238cb465b93bfb98a21eb5f96",
            "value": "production"
          },
          "sensitive_attributes": []
        }
      ]
    },
    {
      "mode": "managed",
      "type": "aws_ecs_tag",
      "name": "_877055a238cb465b93bfb98a21eb5f96_tag_aws_ecs_serviceName",
      "provider": "provider[\"registry.terraform.io/hashicorp/aws\"]",
      "instances": [
        {
          "schema_version": 0,
          "attributes": {
            "id": "arn:aws-us-gov:ecs:us-gov-west-1:050779347855:task/production/877055a238cb465b93bfb98a21eb5f96,aws:ecs:serviceName",
            "key": "aws:ecs:serviceName",
            "resource_arn": "arn:aws-us-gov:ecs:us-gov-west-1:050779347855:task/production/877055a238cb465b93bfb98a21eb5f96",
            "value": "spring-config-server"
          },
          "sensitive_attributes": []
        }
      ]
    },
    {
      "mode": "managed",
      "type": "aws_ecs_tag",
      "name": "_87ea33fa8a09450c95e091755b4d2547_tag_Version",
      "provider": "provider[\"registry.terraform.io/hashicorp/aws\"]",
      "instances": [
        {
          "schema_version": 0,
          "attributes": {
            "id": "arn:aws-us-gov:ecs:us-gov-west-1:050779347855:task/production/87ea33fa8a09450c95e091755b4d2547,Version",
            "key": "Version",
            "resource_arn": "arn:aws-us-gov:ecs:us-gov-west-1:050779347855:task/production/87ea33fa8a09450c95e091755b4d2547",
            "value": "1.0-54"
          },
          "sensitive_attributes": []
        }
      ]
    },
    {
      "mode": "managed",
      "type": "aws_ecs_tag",
      "name": "_87ea33fa8a09450c95e091755b4d2547_tag_aws_ecs_clusterName",
      "provider": "provider[\"registry.terraform.io/hashicorp/aws\"]",
      "instances": [
        {
          "schema_version": 0,
          "attributes": {
            "id": "arn:aws-us-gov:ecs:us-gov-west-1:050779347855:task/production/87ea33fa8a09450c95e091755b4d2547,aws:ecs:clusterName",
            "key": "aws:ecs:clusterName",
            "resource_arn": "arn:aws-us-gov:ecs:us-gov-west-1:050779347855:task/production/87ea33fa8a09450c95e091755b4d2547",
            "value": "production"
          },
          "sensitive_attributes": []
        }
      ]
    },
    {
      "mode": "managed",
      "type": "aws_ecs_tag",
      "name": "_87ea33fa8a09450c95e091755b4d2547_tag_aws_ecs_serviceName",
      "provider": "provider[\"registry.terraform.io/hashicorp/aws\"]",
      "instances": [
        {
          "schema_version": 0,
          "attributes": {
            "id": "arn:aws-us-gov:ecs:us-gov-west-1:050779347855:task/production/87ea33fa8a09450c95e091755b4d2547,aws:ecs:serviceName",
            "key": "aws:ecs:serviceName",
            "resource_arn": "arn:aws-us-gov:ecs:us-gov-west-1:050779347855:task/production/87ea33fa8a09450c95e091755b4d2547",
            "value": "spring-config-server"
          },
          "sensitive_attributes": []
        }
      ]
    },
    {
      "mode": "managed",
      "type": "aws_ecs_tag",
      "name": "_8b59e3117050486cb83ad39a103d1a64_tag_aws_ecs_clusterName",
      "provider": "provider[\"registry.terraform.io/hashicorp/aws\"]",
      "instances": [
        {
          "schema_version": 0,
          "attributes": {
            "id": "arn:aws-us-gov:ecs:us-gov-west-1:050779347855:task/production/8b59e3117050486cb83ad39a103d1a64,aws:ecs:clusterName",
            "key": "aws:ecs:clusterName",
            "resource_arn": "arn:aws-us-gov:ecs:us-gov-west-1:050779347855:task/production/8b59e3117050486cb83ad39a103d1a64",
            "value": "production"
          },
          "sensitive_attributes": []
        }
      ]
    },
    {
      "mode": "managed",
      "type": "aws_ecs_tag",
      "name": "_8b59e3117050486cb83ad39a103d1a64_tag_aws_ecs_serviceName",
      "provider": "provider[\"registry.terraform.io/hashicorp/aws\"]",
      "instances": [
        {
          "schema_version": 0,
          "attributes": {
            "id": "arn:aws-us-gov:ecs:us-gov-west-1:050779347855:task/production/8b59e3117050486cb83ad39a103d1a64,aws:ecs:serviceName",
            "key": "aws:ecs:serviceName",
            "resource_arn": "arn:aws-us-gov:ecs:us-gov-west-1:050779347855:task/production/8b59e3117050486cb83ad39a103d1a64",
            "value": "tenant-configuration-service"
          },
          "sensitive_attributes": []
        }
      ]
    },
    {
      "mode": "managed",
      "type": "aws_ecs_tag",
      "name": "_8df9690bfd9b4f908ffe7b1386eb5921_tag_aws_ecs_clusterName",
      "provider": "provider[\"registry.terraform.io/hashicorp/aws\"]",
      "instances": [
        {
          "schema_version": 0,
          "attributes": {
            "id": "arn:aws-us-gov:ecs:us-gov-west-1:050779347855:task/production/8df9690bfd9b4f908ffe7b1386eb5921,aws:ecs:clusterName",
            "key": "aws:ecs:clusterName",
            "resource_arn": "arn:aws-us-gov:ecs:us-gov-west-1:050779347855:task/production/8df9690bfd9b4f908ffe7b1386eb5921",
            "value": "production"
          },
          "sensitive_attributes": []
        }
      ]
    },
    {
      "mode": "managed",
      "type": "aws_ecs_tag",
      "name": "_8df9690bfd9b4f908ffe7b1386eb5921_tag_aws_ecs_serviceName",
      "provider": "provider[\"registry.terraform.io/hashicorp/aws\"]",
      "instances": [
        {
          "schema_version": 0,
          "attributes": {
            "id": "arn:aws-us-gov:ecs:us-gov-west-1:050779347855:task/production/8df9690bfd9b4f908ffe7b1386eb5921,aws:ecs:serviceName",
            "key": "aws:ecs:serviceName",
            "resource_arn": "arn:aws-us-gov:ecs:us-gov-west-1:050779347855:task/production/8df9690bfd9b4f908ffe7b1386eb5921",
            "value": "event-tracking-service"
          },
          "sensitive_attributes": []
        }
      ]
    },
    {
      "mode": "managed",
      "type": "aws_ecs_tag",
      "name": "_914a787ee9124d73989bb3278009b850_tag_aws_ecs_clusterName",
      "provider": "provider[\"registry.terraform.io/hashicorp/aws\"]",
      "instances": [
        {
          "schema_version": 0,
          "attributes": {
            "id": "arn:aws-us-gov:ecs:us-gov-west-1:050779347855:task/production/914a787ee9124d73989bb3278009b850,aws:ecs:clusterName",
            "key": "aws:ecs:clusterName",
            "resource_arn": "arn:aws-us-gov:ecs:us-gov-west-1:050779347855:task/production/914a787ee9124d73989bb3278009b850",
            "value": "production"
          },
          "sensitive_attributes": []
        }
      ]
    },
    {
      "mode": "managed",
      "type": "aws_ecs_tag",
      "name": "_914a787ee9124d73989bb3278009b850_tag_aws_ecs_serviceName",
      "provider": "provider[\"registry.terraform.io/hashicorp/aws\"]",
      "instances": [
        {
          "schema_version": 0,
          "attributes": {
            "id": "arn:aws-us-gov:ecs:us-gov-west-1:050779347855:task/production/914a787ee9124d73989bb3278009b850,aws:ecs:serviceName",
            "key": "aws:ecs:serviceName",
            "resource_arn": "arn:aws-us-gov:ecs:us-gov-west-1:050779347855:task/production/914a787ee9124d73989bb3278009b850",
            "value": "creator-user-settings-service"
          },
          "sensitive_attributes": []
        }
      ]
    },
    {
      "mode": "managed",
      "type": "aws_ecs_tag",
      "name": "_9314ed6df94143b993da5e1af53a8734_tag_aws_ecs_clusterName",
      "provider": "provider[\"registry.terraform.io/hashicorp/aws\"]",
      "instances": [
        {
          "schema_version": 0,
          "attributes": {
            "id": "arn:aws-us-gov:ecs:us-gov-west-1:050779347855:task/production/9314ed6df94143b993da5e1af53a8734,aws:ecs:clusterName",
            "key": "aws:ecs:clusterName",
            "resource_arn": "arn:aws-us-gov:ecs:us-gov-west-1:050779347855:task/production/9314ed6df94143b993da5e1af53a8734",
            "value": "production"
          },
          "sensitive_attributes": []
        }
      ]
    },
    {
      "mode": "managed",
      "type": "aws_ecs_tag",
      "name": "_9314ed6df94143b993da5e1af53a8734_tag_aws_ecs_serviceName",
      "provider": "provider[\"registry.terraform.io/hashicorp/aws\"]",
      "instances": [
        {
          "schema_version": 0,
          "attributes": {
            "id": "arn:aws-us-gov:ecs:us-gov-west-1:050779347855:task/production/9314ed6df94143b993da5e1af53a8734,aws:ecs:serviceName",
            "key": "aws:ecs:serviceName",
            "resource_arn": "arn:aws-us-gov:ecs:us-gov-west-1:050779347855:task/production/9314ed6df94143b993da5e1af53a8734",
            "value": "course-certificate-pdf-service"
          },
          "sensitive_attributes": []
        }
      ]
    },
    {
      "mode": "managed",
      "type": "aws_ecs_tag",
      "name": "_93413e696c5e422cb075d07fa1dadfbc_tag_aws_ecs_clusterName",
      "provider": "provider[\"registry.terraform.io/hashicorp/aws\"]",
      "instances": [
        {
          "schema_version": 0,
          "attributes": {
            "id": "arn:aws-us-gov:ecs:us-gov-west-1:050779347855:task/production/93413e696c5e422cb075d07fa1dadfbc,aws:ecs:clusterName",
            "key": "aws:ecs:clusterName",
            "resource_arn": "arn:aws-us-gov:ecs:us-gov-west-1:050779347855:task/production/93413e696c5e422cb075d07fa1dadfbc",
            "value": "production"
          },
          "sensitive_attributes": []
        }
      ]
    },
    {
      "mode": "managed",
      "type": "aws_ecs_tag",
      "name": "_93413e696c5e422cb075d07fa1dadfbc_tag_aws_ecs_serviceName",
      "provider": "provider[\"registry.terraform.io/hashicorp/aws\"]",
      "instances": [
        {
          "schema_version": 0,
          "attributes": {
            "id": "arn:aws-us-gov:ecs:us-gov-west-1:050779347855:task/production/93413e696c5e422cb075d07fa1dadfbc,aws:ecs:serviceName",
            "key": "aws:ecs:serviceName",
            "resource_arn": "arn:aws-us-gov:ecs:us-gov-west-1:050779347855:task/production/93413e696c5e422cb075d07fa1dadfbc",
            "value": "content-download-analytics-service"
          },
          "sensitive_attributes": []
        }
      ]
    },
    {
      "mode": "managed",
      "type": "aws_ecs_tag",
      "name": "_9ae5827e93a7489aa1da7a186ba7684e_tag_aws_ecs_clusterName",
      "provider": "provider[\"registry.terraform.io/hashicorp/aws\"]",
      "instances": [
        {
          "schema_version": 0,
          "attributes": {
            "id": "arn:aws-us-gov:ecs:us-gov-west-1:050779347855:task/production/9ae5827e93a7489aa1da7a186ba7684e,aws:ecs:clusterName",
            "key": "aws:ecs:clusterName",
            "resource_arn": "arn:aws-us-gov:ecs:us-gov-west-1:050779347855:task/production/9ae5827e93a7489aa1da7a186ba7684e",
            "value": "production"
          },
          "sensitive_attributes": []
        }
      ]
    },
    {
      "mode": "managed",
      "type": "aws_ecs_tag",
      "name": "_9ae5827e93a7489aa1da7a186ba7684e_tag_aws_ecs_serviceName",
      "provider": "provider[\"registry.terraform.io/hashicorp/aws\"]",
      "instances": [
        {
          "schema_version": 0,
          "attributes": {
            "id": "arn:aws-us-gov:ecs:us-gov-west-1:050779347855:task/production/9ae5827e93a7489aa1da7a186ba7684e,aws:ecs:serviceName",
            "key": "aws:ecs:serviceName",
            "resource_arn": "arn:aws-us-gov:ecs:us-gov-west-1:050779347855:task/production/9ae5827e93a7489aa1da7a186ba7684e",
            "value": "builder-sqs-task"
          },
          "sensitive_attributes": []
        }
      ]
    },
    {
      "mode": "managed",
      "type": "aws_ecs_tag",
      "name": "_9c00deef89e74421b3a23781f8b1042a_tag_aws_ecs_clusterName",
      "provider": "provider[\"registry.terraform.io/hashicorp/aws\"]",
      "instances": [
        {
          "schema_version": 0,
          "attributes": {
            "id": "arn:aws-us-gov:ecs:us-gov-west-1:050779347855:task/production/9c00deef89e74421b3a23781f8b1042a,aws:ecs:clusterName",
            "key": "aws:ecs:clusterName",
            "resource_arn": "arn:aws-us-gov:ecs:us-gov-west-1:050779347855:task/production/9c00deef89e74421b3a23781f8b1042a",
            "value": "production"
          },
          "sensitive_attributes": []
        }
      ]
    },
    {
      "mode": "managed",
      "type": "aws_ecs_tag",
      "name": "_9c00deef89e74421b3a23781f8b1042a_tag_aws_ecs_serviceName",
      "provider": "provider[\"registry.terraform.io/hashicorp/aws\"]",
      "instances": [
        {
          "schema_version": 0,
          "attributes": {
            "id": "arn:aws-us-gov:ecs:us-gov-west-1:050779347855:task/production/9c00deef89e74421b3a23781f8b1042a,aws:ecs:serviceName",
            "key": "aws:ecs:serviceName",
            "resource_arn": "arn:aws-us-gov:ecs:us-gov-west-1:050779347855:task/production/9c00deef89e74421b3a23781f8b1042a",
            "value": "instructor-graphql-api"
          },
          "sensitive_attributes": []
        }
      ]
    },
    {
      "mode": "managed",
      "type": "aws_ecs_tag",
      "name": "_9e02e89b1d5c439f823caa59efbbc917_tag_aws_ecs_clusterName",
      "provider": "provider[\"registry.terraform.io/hashicorp/aws\"]",
      "instances": [
        {
          "schema_version": 0,
          "attributes": {
            "id": "arn:aws-us-gov:ecs:us-gov-west-1:050779347855:task/production/9e02e89b1d5c439f823caa59efbbc917,aws:ecs:clusterName",
            "key": "aws:ecs:clusterName",
            "resource_arn": "arn:aws-us-gov:ecs:us-gov-west-1:050779347855:task/production/9e02e89b1d5c439f823caa59efbbc917",
            "value": "production"
          },
          "sensitive_attributes": []
        }
      ]
    },
    {
      "mode": "managed",
      "type": "aws_ecs_tag",
      "name": "_9e02e89b1d5c439f823caa59efbbc917_tag_aws_ecs_serviceName",
      "provider": "provider[\"registry.terraform.io/hashicorp/aws\"]",
      "instances": [
        {
          "schema_version": 0,
          "attributes": {
            "id": "arn:aws-us-gov:ecs:us-gov-west-1:050779347855:task/production/9e02e89b1d5c439f823caa59efbbc917,aws:ecs:serviceName",
            "key": "aws:ecs:serviceName",
            "resource_arn": "arn:aws-us-gov:ecs:us-gov-west-1:050779347855:task/production/9e02e89b1d5c439f823caa59efbbc917",
            "value": "dbt-form-processor"
          },
          "sensitive_attributes": []
        }
      ]
    },
    {
      "mode": "managed",
      "type": "aws_ecs_tag",
      "name": "a649227814514d30b2be86a8b99c9511_tag_aws_ecs_clusterName",
      "provider": "provider[\"registry.terraform.io/hashicorp/aws\"]",
      "instances": [
        {
          "schema_version": 0,
          "attributes": {
            "id": "arn:aws-us-gov:ecs:us-gov-west-1:050779347855:task/production/a649227814514d30b2be86a8b99c9511,aws:ecs:clusterName",
            "key": "aws:ecs:clusterName",
            "resource_arn": "arn:aws-us-gov:ecs:us-gov-west-1:050779347855:task/production/a649227814514d30b2be86a8b99c9511",
            "value": "production"
          },
          "sensitive_attributes": []
        }
      ]
    },
    {
      "mode": "managed",
      "type": "aws_ecs_tag",
      "name": "a649227814514d30b2be86a8b99c9511_tag_aws_ecs_serviceName",
      "provider": "provider[\"registry.terraform.io/hashicorp/aws\"]",
      "instances": [
        {
          "schema_version": 0,
          "attributes": {
            "id": "arn:aws-us-gov:ecs:us-gov-west-1:050779347855:task/production/a649227814514d30b2be86a8b99c9511,aws:ecs:serviceName",
            "key": "aws:ecs:serviceName",
            "resource_arn": "arn:aws-us-gov:ecs:us-gov-west-1:050779347855:task/production/a649227814514d30b2be86a8b99c9511",
            "value": "assessment-service"
          },
          "sensitive_attributes": []
        }
      ]
    },
    {
      "mode": "managed",
      "type": "aws_ecs_tag",
      "name": "assessment_service_3_tag_Version",
      "provider": "provider[\"registry.terraform.io/hashicorp/aws\"]",
      "instances": [
        {
          "schema_version": 0,
          "attributes": {
            "id": "arn:aws-us-gov:ecs:us-gov-west-1:050779347855:task-definition/assessment-service:3,Version",
            "key": "Version",
            "resource_arn": "arn:aws-us-gov:ecs:us-gov-west-1:050779347855:task-definition/assessment-service:3",
            "value": "1.0-110"
          },
          "sensitive_attributes": []
        }
      ]
    },
    {
      "mode": "managed",
      "type": "aws_ecs_tag",
      "name": "b156b83064eb4093a38678fee6584a1b_tag_aws_ecs_clusterName",
      "provider": "provider[\"registry.terraform.io/hashicorp/aws\"]",
      "instances": [
        {
          "schema_version": 0,
          "attributes": {
            "id": "arn:aws-us-gov:ecs:us-gov-west-1:050779347855:task/production/b156b83064eb4093a38678fee6584a1b,aws:ecs:clusterName",
            "key": "aws:ecs:clusterName",
            "resource_arn": "arn:aws-us-gov:ecs:us-gov-west-1:050779347855:task/production/b156b83064eb4093a38678fee6584a1b",
            "value": "production"
          },
          "sensitive_attributes": []
        }
      ]
    },
    {
      "mode": "managed",
      "type": "aws_ecs_tag",
      "name": "b156b83064eb4093a38678fee6584a1b_tag_aws_ecs_serviceName",
      "provider": "provider[\"registry.terraform.io/hashicorp/aws\"]",
      "instances": [
        {
          "schema_version": 0,
          "attributes": {
            "id": "arn:aws-us-gov:ecs:us-gov-west-1:050779347855:task/production/b156b83064eb4093a38678fee6584a1b,aws:ecs:serviceName",
            "key": "aws:ecs:serviceName",
            "resource_arn": "arn:aws-us-gov:ecs:us-gov-west-1:050779347855:task/production/b156b83064eb4093a38678fee6584a1b",
            "value": "performance-assessment-service"
          },
          "sensitive_attributes": []
        }
      ]
    },
    {
      "mode": "managed",
      "type": "aws_ecs_tag",
      "name": "b6f2ee1a4d754fd9bb9287097ef068e7_tag_aws_ecs_clusterName",
      "provider": "provider[\"registry.terraform.io/hashicorp/aws\"]",
      "instances": [
        {
          "schema_version": 0,
          "attributes": {
            "id": "arn:aws-us-gov:ecs:us-gov-west-1:050779347855:task/production/b6f2ee1a4d754fd9bb9287097ef068e7,aws:ecs:clusterName",
            "key": "aws:ecs:clusterName",
            "resource_arn": "arn:aws-us-gov:ecs:us-gov-west-1:050779347855:task/production/b6f2ee1a4d754fd9bb9287097ef068e7",
            "value": "production"
          },
          "sensitive_attributes": []
        }
      ]
    },
    {
      "mode": "managed",
      "type": "aws_ecs_tag",
      "name": "b6f2ee1a4d754fd9bb9287097ef068e7_tag_aws_ecs_serviceName",
      "provider": "provider[\"registry.terraform.io/hashicorp/aws\"]",
      "instances": [
        {
          "schema_version": 0,
          "attributes": {
            "id": "arn:aws-us-gov:ecs:us-gov-west-1:050779347855:task/production/b6f2ee1a4d754fd9bb9287097ef068e7,aws:ecs:serviceName",
            "key": "aws:ecs:serviceName",
            "resource_arn": "arn:aws-us-gov:ecs:us-gov-west-1:050779347855:task/production/b6f2ee1a4d754fd9bb9287097ef068e7",
            "value": "badge-service"
          },
          "sensitive_attributes": []
        }
      ]
    },
    {
      "mode": "managed",
      "type": "aws_ecs_tag",
      "name": "b744168605814c0eaec079abd83d0b3f_tag_aws_ecs_clusterName",
      "provider": "provider[\"registry.terraform.io/hashicorp/aws\"]",
      "instances": [
        {
          "schema_version": 0,
          "attributes": {
            "id": "arn:aws-us-gov:ecs:us-gov-west-1:050779347855:task/production/b744168605814c0eaec079abd83d0b3f,aws:ecs:clusterName",
            "key": "aws:ecs:clusterName",
            "resource_arn": "arn:aws-us-gov:ecs:us-gov-west-1:050779347855:task/production/b744168605814c0eaec079abd83d0b3f",
            "value": "production"
          },
          "sensitive_attributes": []
        }
      ]
    },
    {
      "mode": "managed",
      "type": "aws_ecs_tag",
      "name": "b744168605814c0eaec079abd83d0b3f_tag_aws_ecs_serviceName",
      "provider": "provider[\"registry.terraform.io/hashicorp/aws\"]",
      "instances": [
        {
          "schema_version": 0,
          "attributes": {
            "id": "arn:aws-us-gov:ecs:us-gov-west-1:050779347855:task/production/b744168605814c0eaec079abd83d0b3f,aws:ecs:serviceName",
            "key": "aws:ecs:serviceName",
            "resource_arn": "arn:aws-us-gov:ecs:us-gov-west-1:050779347855:task/production/b744168605814c0eaec079abd83d0b3f",
            "value": "chat-allogy-server"
          },
          "sensitive_attributes": []
        }
      ]
    },
    {
      "mode": "managed",
      "type": "aws_ecs_tag",
      "name": "b7edd6329e15463cbdf643c9212600bc_tag_aws_ecs_clusterName",
      "provider": "provider[\"registry.terraform.io/hashicorp/aws\"]",
      "instances": [
        {
          "schema_version": 0,
          "attributes": {
            "id": "arn:aws-us-gov:ecs:us-gov-west-1:050779347855:task/production/b7edd6329e15463cbdf643c9212600bc,aws:ecs:clusterName",
            "key": "aws:ecs:clusterName",
            "resource_arn": "arn:aws-us-gov:ecs:us-gov-west-1:050779347855:task/production/b7edd6329e15463cbdf643c9212600bc",
            "value": "production"
          },
          "sensitive_attributes": []
        }
      ]
    },
    {
      "mode": "managed",
      "type": "aws_ecs_tag",
      "name": "b7edd6329e15463cbdf643c9212600bc_tag_aws_ecs_serviceName",
      "provider": "provider[\"registry.terraform.io/hashicorp/aws\"]",
      "instances": [
        {
          "schema_version": 0,
          "attributes": {
            "id": "arn:aws-us-gov:ecs:us-gov-west-1:050779347855:task/production/b7edd6329e15463cbdf643c9212600bc,aws:ecs:serviceName",
            "key": "aws:ecs:serviceName",
            "resource_arn": "arn:aws-us-gov:ecs:us-gov-west-1:050779347855:task/production/b7edd6329e15463cbdf643c9212600bc",
            "value": "tenant-user-configuration-service"
          },
          "sensitive_attributes": []
        }
      ]
    },
    {
      "mode": "managed",
      "type": "aws_ecs_tag",
      "name": "b8a2f4bf476840bf858f88b5409fa7fb_tag_aws_ecs_clusterName",
      "provider": "provider[\"registry.terraform.io/hashicorp/aws\"]",
      "instances": [
        {
          "schema_version": 0,
          "attributes": {
            "id": "arn:aws-us-gov:ecs:us-gov-west-1:050779347855:task/production/b8a2f4bf476840bf858f88b5409fa7fb,aws:ecs:clusterName",
            "key": "aws:ecs:clusterName",
            "resource_arn": "arn:aws-us-gov:ecs:us-gov-west-1:050779347855:task/production/b8a2f4bf476840bf858f88b5409fa7fb",
            "value": "production"
          },
          "sensitive_attributes": []
        }
      ]
    },
    {
      "mode": "managed",
      "type": "aws_ecs_tag",
      "name": "b8a2f4bf476840bf858f88b5409fa7fb_tag_aws_ecs_serviceName",
      "provider": "provider[\"registry.terraform.io/hashicorp/aws\"]",
      "instances": [
        {
          "schema_version": 0,
          "attributes": {
            "id": "arn:aws-us-gov:ecs:us-gov-west-1:050779347855:task/production/b8a2f4bf476840bf858f88b5409fa7fb,aws:ecs:serviceName",
            "key": "aws:ecs:serviceName",
            "resource_arn": "arn:aws-us-gov:ecs:us-gov-west-1:050779347855:task/production/b8a2f4bf476840bf858f88b5409fa7fb",
            "value": "image-scaling-service"
          },
          "sensitive_attributes": []
        }
      ]
    },
    {
      "mode": "managed",
      "type": "aws_ecs_tag",
      "name": "ba150832f93442fa856a78f289ba76fe_tag_aws_ecs_clusterName",
      "provider": "provider[\"registry.terraform.io/hashicorp/aws\"]",
      "instances": [
        {
          "schema_version": 0,
          "attributes": {
            "id": "arn:aws-us-gov:ecs:us-gov-west-1:050779347855:task/production/ba150832f93442fa856a78f289ba76fe,aws:ecs:clusterName",
            "key": "aws:ecs:clusterName",
            "resource_arn": "arn:aws-us-gov:ecs:us-gov-west-1:050779347855:task/production/ba150832f93442fa856a78f289ba76fe",
            "value": "production"
          },
          "sensitive_attributes": []
        }
      ]
    },
    {
      "mode": "managed",
      "type": "aws_ecs_tag",
      "name": "ba150832f93442fa856a78f289ba76fe_tag_aws_ecs_serviceName",
      "provider": "provider[\"registry.terraform.io/hashicorp/aws\"]",
      "instances": [
        {
          "schema_version": 0,
          "attributes": {
            "id": "arn:aws-us-gov:ecs:us-gov-west-1:050779347855:task/production/ba150832f93442fa856a78f289ba76fe,aws:ecs:serviceName",
            "key": "aws:ecs:serviceName",
            "resource_arn": "arn:aws-us-gov:ecs:us-gov-west-1:050779347855:task/production/ba150832f93442fa856a78f289ba76fe",
            "value": "badge-service"
          },
          "sensitive_attributes": []
        }
      ]
    },
    {
      "mode": "managed",
      "type": "aws_ecs_tag",
      "name": "badge_service_10_tag_Version",
      "provider": "provider[\"registry.terraform.io/hashicorp/aws\"]",
      "instances": [
        {
          "schema_version": 0,
          "attributes": {
            "id": "arn:aws-us-gov:ecs:us-gov-west-1:050779347855:task-definition/badge-service:10,Version",
            "key": "Version",
            "resource_arn": "arn:aws-us-gov:ecs:us-gov-west-1:050779347855:task-definition/badge-service:10",
            "value": "1.0-24"
          },
          "sensitive_attributes": []
        }
      ]
    },
    {
      "mode": "managed",
      "type": "aws_ecs_tag",
      "name": "bbd8b6df0c9444ba9b102a5420373515_tag_aws_ecs_clusterName",
      "provider": "provider[\"registry.terraform.io/hashicorp/aws\"]",
      "instances": [
        {
          "schema_version": 0,
          "attributes": {
            "id": "arn:aws-us-gov:ecs:us-gov-west-1:050779347855:task/production/bbd8b6df0c9444ba9b102a5420373515,aws:ecs:clusterName",
            "key": "aws:ecs:clusterName",
            "resource_arn": "arn:aws-us-gov:ecs:us-gov-west-1:050779347855:task/production/bbd8b6df0c9444ba9b102a5420373515",
            "value": "production"
          },
          "sensitive_attributes": []
        }
      ]
    },
    {
      "mode": "managed",
      "type": "aws_ecs_tag",
      "name": "bbd8b6df0c9444ba9b102a5420373515_tag_aws_ecs_serviceName",
      "provider": "provider[\"registry.terraform.io/hashicorp/aws\"]",
      "instances": [
        {
          "schema_version": 0,
          "attributes": {
            "id": "arn:aws-us-gov:ecs:us-gov-west-1:050779347855:task/production/bbd8b6df0c9444ba9b102a5420373515,aws:ecs:serviceName",
            "key": "aws:ecs:serviceName",
            "resource_arn": "arn:aws-us-gov:ecs:us-gov-west-1:050779347855:task/production/bbd8b6df0c9444ba9b102a5420373515",
            "value": "assessment-service"
          },
          "sensitive_attributes": []
        }
      ]
    },
    {
      "mode": "managed",
      "type": "aws_ecs_tag",
      "name": "bc78248bc0ae461fbe4398d228142898_tag_aws_ecs_clusterName",
      "provider": "provider[\"registry.terraform.io/hashicorp/aws\"]",
      "instances": [
        {
          "schema_version": 0,
          "attributes": {
            "id": "arn:aws-us-gov:ecs:us-gov-west-1:050779347855:task/production/bc78248bc0ae461fbe4398d228142898,aws:ecs:clusterName",
            "key": "aws:ecs:clusterName",
            "resource_arn": "arn:aws-us-gov:ecs:us-gov-west-1:050779347855:task/production/bc78248bc0ae461fbe4398d228142898",
            "value": "production"
          },
          "sensitive_attributes": []
        }
      ]
    },
    {
      "mode": "managed",
      "type": "aws_ecs_tag",
      "name": "bc78248bc0ae461fbe4398d228142898_tag_aws_ecs_serviceName",
      "provider": "provider[\"registry.terraform.io/hashicorp/aws\"]",
      "instances": [
        {
          "schema_version": 0,
          "attributes": {
            "id": "arn:aws-us-gov:ecs:us-gov-west-1:050779347855:task/production/bc78248bc0ae461fbe4398d228142898,aws:ecs:serviceName",
            "key": "aws:ecs:serviceName",
            "resource_arn": "arn:aws-us-gov:ecs:us-gov-west-1:050779347855:task/production/bc78248bc0ae461fbe4398d228142898",
            "value": "aws-xray-daemon"
          },
          "sensitive_attributes": []
        }
      ]
    },
    {
      "mode": "managed",
      "type": "aws_ecs_tag",
      "name": "bc95eb0adb99433fadf3ed029838da60_tag_aws_ecs_clusterName",
      "provider": "provider[\"registry.terraform.io/hashicorp/aws\"]",
      "instances": [
        {
          "schema_version": 0,
          "attributes": {
            "id": "arn:aws-us-gov:ecs:us-gov-west-1:050779347855:task/production/bc95eb0adb99433fadf3ed029838da60,aws:ecs:clusterName",
            "key": "aws:ecs:clusterName",
            "resource_arn": "arn:aws-us-gov:ecs:us-gov-west-1:050779347855:task/production/bc95eb0adb99433fadf3ed029838da60",
            "value": "production"
          },
          "sensitive_attributes": []
        }
      ]
    },
    {
      "mode": "managed",
      "type": "aws_ecs_tag",
      "name": "bc95eb0adb99433fadf3ed029838da60_tag_aws_ecs_serviceName",
      "provider": "provider[\"registry.terraform.io/hashicorp/aws\"]",
      "instances": [
        {
          "schema_version": 0,
          "attributes": {
            "id": "arn:aws-us-gov:ecs:us-gov-west-1:050779347855:task/production/bc95eb0adb99433fadf3ed029838da60,aws:ecs:serviceName",
            "key": "aws:ecs:serviceName",
            "resource_arn": "arn:aws-us-gov:ecs:us-gov-west-1:050779347855:task/production/bc95eb0adb99433fadf3ed029838da60",
            "value": "image-scaling-service"
          },
          "sensitive_attributes": []
        }
      ]
    },
    {
      "mode": "managed",
      "type": "aws_ecs_tag",
      "name": "book_tree_service_3_tag_Version",
      "provider": "provider[\"registry.terraform.io/hashicorp/aws\"]",
      "instances": [
        {
          "schema_version": 0,
          "attributes": {
            "id": "arn:aws-us-gov:ecs:us-gov-west-1:050779347855:task-definition/book-tree-service:3,Version",
            "key": "Version",
            "resource_arn": "arn:aws-us-gov:ecs:us-gov-west-1:050779347855:task-definition/book-tree-service:3",
            "value": "1.0-43"
          },
          "sensitive_attributes": []
        }
      ]
    },
    {
      "mode": "managed",
      "type": "aws_ecs_tag",
      "name": "builder_publisher_task_3_tag_Version",
      "provider": "provider[\"registry.terraform.io/hashicorp/aws\"]",
      "instances": [
        {
          "schema_version": 0,
          "attributes": {
            "id": "arn:aws-us-gov:ecs:us-gov-west-1:050779347855:task-definition/builder-publisher-task:3,Version",
            "key": "Version",
            "resource_arn": "arn:aws-us-gov:ecs:us-gov-west-1:050779347855:task-definition/builder-publisher-task:3",
            "value": "1.0-74"
          },
          "sensitive_attributes": []
        }
      ]
    },
    {
      "mode": "managed",
      "type": "aws_ecs_tag",
      "name": "builder_service_16_tag_Version",
      "provider": "provider[\"registry.terraform.io/hashicorp/aws\"]",
      "instances": [
        {
          "schema_version": 0,
          "attributes": {
            "id": "arn:aws-us-gov:ecs:us-gov-west-1:050779347855:task-definition/builder-service:16,Version",
            "key": "Version",
            "resource_arn": "arn:aws-us-gov:ecs:us-gov-west-1:050779347855:task-definition/builder-service:16",
            "value": "1.0-816"
          },
          "sensitive_attributes": []
        }
      ]
    },
    {
      "mode": "managed",
      "type": "aws_ecs_tag",
      "name": "builder_sqs_task_3_tag_Version",
      "provider": "provider[\"registry.terraform.io/hashicorp/aws\"]",
      "instances": [
        {
          "schema_version": 0,
          "attributes": {
            "id": "arn:aws-us-gov:ecs:us-gov-west-1:050779347855:task-definition/builder-sqs-task:3,Version",
            "key": "Version",
            "resource_arn": "arn:aws-us-gov:ecs:us-gov-west-1:050779347855:task-definition/builder-sqs-task:3",
            "value": "1.0-33"
          },
          "sensitive_attributes": []
        }
      ]
    },
    {
      "mode": "managed",
      "type": "aws_ecs_tag",
      "name": "c078ebcd65e64423a8805d4dfbca54d6_tag_aws_ecs_clusterName",
      "provider": "provider[\"registry.terraform.io/hashicorp/aws\"]",
      "instances": [
        {
          "schema_version": 0,
          "attributes": {
            "id": "arn:aws-us-gov:ecs:us-gov-west-1:050779347855:task/production/c078ebcd65e64423a8805d4dfbca54d6,aws:ecs:clusterName",
            "key": "aws:ecs:clusterName",
            "resource_arn": "arn:aws-us-gov:ecs:us-gov-west-1:050779347855:task/production/c078ebcd65e64423a8805d4dfbca54d6",
            "value": "production"
          },
          "sensitive_attributes": []
        }
      ]
    },
    {
      "mode": "managed",
      "type": "aws_ecs_tag",
      "name": "c078ebcd65e64423a8805d4dfbca54d6_tag_aws_ecs_serviceName",
      "provider": "provider[\"registry.terraform.io/hashicorp/aws\"]",
      "instances": [
        {
          "schema_version": 0,
          "attributes": {
            "id": "arn:aws-us-gov:ecs:us-gov-west-1:050779347855:task/production/c078ebcd65e64423a8805d4dfbca54d6,aws:ecs:serviceName",
            "key": "aws:ecs:serviceName",
            "resource_arn": "arn:aws-us-gov:ecs:us-gov-west-1:050779347855:task/production/c078ebcd65e64423a8805d4dfbca54d6",
            "value": "registration-validation-service"
          },
          "sensitive_attributes": []
        }
      ]
    },
    {
      "mode": "managed",
      "type": "aws_ecs_tag",
      "name": "c310927b11b646219403fe4ef7a9deeb_tag_aws_ecs_clusterName",
      "provider": "provider[\"registry.terraform.io/hashicorp/aws\"]",
      "instances": [
        {
          "schema_version": 0,
          "attributes": {
            "id": "arn:aws-us-gov:ecs:us-gov-west-1:050779347855:task/production/c310927b11b646219403fe4ef7a9deeb,aws:ecs:clusterName",
            "key": "aws:ecs:clusterName",
            "resource_arn": "arn:aws-us-gov:ecs:us-gov-west-1:050779347855:task/production/c310927b11b646219403fe4ef7a9deeb",
            "value": "production"
          },
          "sensitive_attributes": []
        }
      ]
    },
    {
      "mode": "managed",
      "type": "aws_ecs_tag",
      "name": "c310927b11b646219403fe4ef7a9deeb_tag_aws_ecs_serviceName",
      "provider": "provider[\"registry.terraform.io/hashicorp/aws\"]",
      "instances": [
        {
          "schema_version": 0,
          "attributes": {
            "id": "arn:aws-us-gov:ecs:us-gov-west-1:050779347855:task/production/c310927b11b646219403fe4ef7a9deeb,aws:ecs:serviceName",
            "key": "aws:ecs:serviceName",
            "resource_arn": "arn:aws-us-gov:ecs:us-gov-west-1:050779347855:task/production/c310927b11b646219403fe4ef7a9deeb",
            "value": "market-search-service"
          },
          "sensitive_attributes": []
        }
      ]
    },
    {
      "mode": "managed",
      "type": "aws_ecs_tag",
      "name": "c4655ac2f7c544b382e85a9404760f85_tag_aws_ecs_clusterName",
      "provider": "provider[\"registry.terraform.io/hashicorp/aws\"]",
      "instances": [
        {
          "schema_version": 0,
          "attributes": {
            "id": "arn:aws-us-gov:ecs:us-gov-west-1:050779347855:task/production/c4655ac2f7c544b382e85a9404760f85,aws:ecs:clusterName",
            "key": "aws:ecs:clusterName",
            "resource_arn": "arn:aws-us-gov:ecs:us-gov-west-1:050779347855:task/production/c4655ac2f7c544b382e85a9404760f85",
            "value": "production"
          },
          "sensitive_attributes": []
        }
      ]
    },
    {
      "mode": "managed",
      "type": "aws_ecs_tag",
      "name": "c4655ac2f7c544b382e85a9404760f85_tag_aws_ecs_serviceName",
      "provider": "provider[\"registry.terraform.io/hashicorp/aws\"]",
      "instances": [
        {
          "schema_version": 0,
          "attributes": {
            "id": "arn:aws-us-gov:ecs:us-gov-west-1:050779347855:task/production/c4655ac2f7c544b382e85a9404760f85,aws:ecs:serviceName",
            "key": "aws:ecs:serviceName",
            "resource_arn": "arn:aws-us-gov:ecs:us-gov-west-1:050779347855:task/production/c4655ac2f7c544b382e85a9404760f85",
            "value": "user-data-service"
          },
          "sensitive_attributes": []
        }
      ]
    },
    {
      "mode": "managed",
      "type": "aws_ecs_tag",
      "name": "c5a091439bdd41ddbcca6d0229cff35b_tag_aws_ecs_clusterName",
      "provider": "provider[\"registry.terraform.io/hashicorp/aws\"]",
      "instances": [
        {
          "schema_version": 0,
          "attributes": {
            "id": "arn:aws-us-gov:ecs:us-gov-west-1:050779347855:task/production/c5a091439bdd41ddbcca6d0229cff35b,aws:ecs:clusterName",
            "key": "aws:ecs:clusterName",
            "resource_arn": "arn:aws-us-gov:ecs:us-gov-west-1:050779347855:task/production/c5a091439bdd41ddbcca6d0229cff35b",
            "value": "production"
          },
          "sensitive_attributes": []
        }
      ]
    },
    {
      "mode": "managed",
      "type": "aws_ecs_tag",
      "name": "c5a091439bdd41ddbcca6d0229cff35b_tag_aws_ecs_serviceName",
      "provider": "provider[\"registry.terraform.io/hashicorp/aws\"]",
      "instances": [
        {
          "schema_version": 0,
          "attributes": {
            "id": "arn:aws-us-gov:ecs:us-gov-west-1:050779347855:task/production/c5a091439bdd41ddbcca6d0229cff35b,aws:ecs:serviceName",
            "key": "aws:ecs:serviceName",
            "resource_arn": "arn:aws-us-gov:ecs:us-gov-west-1:050779347855:task/production/c5a091439bdd41ddbcca6d0229cff35b",
            "value": "team-service"
          },
          "sensitive_attributes": []
        }
      ]
    },
    {
      "mode": "managed",
      "type": "aws_ecs_tag",
      "name": "c6343166fefb40efa4d047226ef1e8bf_tag_aws_ecs_clusterName",
      "provider": "provider[\"registry.terraform.io/hashicorp/aws\"]",
      "instances": [
        {
          "schema_version": 0,
          "attributes": {
            "id": "arn:aws-us-gov:ecs:us-gov-west-1:050779347855:task/production/c6343166fefb40efa4d047226ef1e8bf,aws:ecs:clusterName",
            "key": "aws:ecs:clusterName",
            "resource_arn": "arn:aws-us-gov:ecs:us-gov-west-1:050779347855:task/production/c6343166fefb40efa4d047226ef1e8bf",
            "value": "production"
          },
          "sensitive_attributes": []
        }
      ]
    },
    {
      "mode": "managed",
      "type": "aws_ecs_tag",
      "name": "c6343166fefb40efa4d047226ef1e8bf_tag_aws_ecs_serviceName",
      "provider": "provider[\"registry.terraform.io/hashicorp/aws\"]",
      "instances": [
        {
          "schema_version": 0,
          "attributes": {
            "id": "arn:aws-us-gov:ecs:us-gov-west-1:050779347855:task/production/c6343166fefb40efa4d047226ef1e8bf,aws:ecs:serviceName",
            "key": "aws:ecs:serviceName",
            "resource_arn": "arn:aws-us-gov:ecs:us-gov-west-1:050779347855:task/production/c6343166fefb40efa4d047226ef1e8bf",
            "value": "tenant-host-domain-service"
          },
          "sensitive_attributes": []
        }
      ]
    },
    {
      "mode": "managed",
      "type": "aws_ecs_tag",
      "name": "c6402e8794dc400eb125454a343ce43a_tag_Version",
      "provider": "provider[\"registry.terraform.io/hashicorp/aws\"]",
      "instances": [
        {
          "schema_version": 0,
          "attributes": {
            "id": "arn:aws-us-gov:ecs:us-gov-west-1:050779347855:task/production/c6402e8794dc400eb125454a343ce43a,Version",
            "key": "Version",
            "resource_arn": "arn:aws-us-gov:ecs:us-gov-west-1:050779347855:task/production/c6402e8794dc400eb125454a343ce43a",
            "value": "1.0-54"
          },
          "sensitive_attributes": []
        }
      ]
    },
    {
      "mode": "managed",
      "type": "aws_ecs_tag",
      "name": "c6402e8794dc400eb125454a343ce43a_tag_aws_ecs_clusterName",
      "provider": "provider[\"registry.terraform.io/hashicorp/aws\"]",
      "instances": [
        {
          "schema_version": 0,
          "attributes": {
            "id": "arn:aws-us-gov:ecs:us-gov-west-1:050779347855:task/production/c6402e8794dc400eb125454a343ce43a,aws:ecs:clusterName",
            "key": "aws:ecs:clusterName",
            "resource_arn": "arn:aws-us-gov:ecs:us-gov-west-1:050779347855:task/production/c6402e8794dc400eb125454a343ce43a",
            "value": "production"
          },
          "sensitive_attributes": []
        }
      ]
    },
    {
      "mode": "managed",
      "type": "aws_ecs_tag",
      "name": "c6402e8794dc400eb125454a343ce43a_tag_aws_ecs_serviceName",
      "provider": "provider[\"registry.terraform.io/hashicorp/aws\"]",
      "instances": [
        {
          "schema_version": 0,
          "attributes": {
            "id": "arn:aws-us-gov:ecs:us-gov-west-1:050779347855:task/production/c6402e8794dc400eb125454a343ce43a,aws:ecs:serviceName",
            "key": "aws:ecs:serviceName",
            "resource_arn": "arn:aws-us-gov:ecs:us-gov-west-1:050779347855:task/production/c6402e8794dc400eb125454a343ce43a",
            "value": "spring-config-server"
          },
          "sensitive_attributes": []
        }
      ]
    },
    {
      "mode": "managed",
      "type": "aws_ecs_tag",
      "name": "c88cf381f6804ba2b55dd48577a44445_tag_aws_ecs_clusterName",
      "provider": "provider[\"registry.terraform.io/hashicorp/aws\"]",
      "instances": [
        {
          "schema_version": 0,
          "attributes": {
            "id": "arn:aws-us-gov:ecs:us-gov-west-1:050779347855:task/production/c88cf381f6804ba2b55dd48577a44445,aws:ecs:clusterName",
            "key": "aws:ecs:clusterName",
            "resource_arn": "arn:aws-us-gov:ecs:us-gov-west-1:050779347855:task/production/c88cf381f6804ba2b55dd48577a44445",
            "value": "production"
          },
          "sensitive_attributes": []
        }
      ]
    },
    {
      "mode": "managed",
      "type": "aws_ecs_tag",
      "name": "c88cf381f6804ba2b55dd48577a44445_tag_aws_ecs_serviceName",
      "provider": "provider[\"registry.terraform.io/hashicorp/aws\"]",
      "instances": [
        {
          "schema_version": 0,
          "attributes": {
            "id": "arn:aws-us-gov:ecs:us-gov-west-1:050779347855:task/production/c88cf381f6804ba2b55dd48577a44445,aws:ecs:serviceName",
            "key": "aws:ecs:serviceName",
            "resource_arn": "arn:aws-us-gov:ecs:us-gov-west-1:050779347855:task/production/c88cf381f6804ba2b55dd48577a44445",
            "value": "instructor-graphql-api"
          },
          "sensitive_attributes": []
        }
      ]
    },
    {
      "mode": "managed",
      "type": "aws_ecs_tag",
      "name": "ccfc94843a0f4fa6a3358515d04a689b_tag_aws_ecs_clusterName",
      "provider": "provider[\"registry.terraform.io/hashicorp/aws\"]",
      "instances": [
        {
          "schema_version": 0,
          "attributes": {
            "id": "arn:aws-us-gov:ecs:us-gov-west-1:050779347855:task/production/ccfc94843a0f4fa6a3358515d04a689b,aws:ecs:clusterName",
            "key": "aws:ecs:clusterName",
            "resource_arn": "arn:aws-us-gov:ecs:us-gov-west-1:050779347855:task/production/ccfc94843a0f4fa6a3358515d04a689b",
            "value": "production"
          },
          "sensitive_attributes": []
        }
      ]
    },
    {
      "mode": "managed",
      "type": "aws_ecs_tag",
      "name": "ccfc94843a0f4fa6a3358515d04a689b_tag_aws_ecs_serviceName",
      "provider": "provider[\"registry.terraform.io/hashicorp/aws\"]",
      "instances": [
        {
          "schema_version": 0,
          "attributes": {
            "id": "arn:aws-us-gov:ecs:us-gov-west-1:050779347855:task/production/ccfc94843a0f4fa6a3358515d04a689b,aws:ecs:serviceName",
            "key": "aws:ecs:serviceName",
            "resource_arn": "arn:aws-us-gov:ecs:us-gov-west-1:050779347855:task/production/ccfc94843a0f4fa6a3358515d04a689b",
            "value": "team-service"
          },
          "sensitive_attributes": []
        }
      ]
    },
    {
      "mode": "managed",
      "type": "aws_ecs_tag",
      "name": "ce08490fc0bd40ba91f1a2a1f3d37d7a_tag_aws_ecs_clusterName",
      "provider": "provider[\"registry.terraform.io/hashicorp/aws\"]",
      "instances": [
        {
          "schema_version": 0,
          "attributes": {
            "id": "arn:aws-us-gov:ecs:us-gov-west-1:050779347855:task/production/ce08490fc0bd40ba91f1a2a1f3d37d7a,aws:ecs:clusterName",
            "key": "aws:ecs:clusterName",
            "resource_arn": "arn:aws-us-gov:ecs:us-gov-west-1:050779347855:task/production/ce08490fc0bd40ba91f1a2a1f3d37d7a",
            "value": "production"
          },
          "sensitive_attributes": []
        }
      ]
    },
    {
      "mode": "managed",
      "type": "aws_ecs_tag",
      "name": "ce08490fc0bd40ba91f1a2a1f3d37d7a_tag_aws_ecs_serviceName",
      "provider": "provider[\"registry.terraform.io/hashicorp/aws\"]",
      "instances": [
        {
          "schema_version": 0,
          "attributes": {
            "id": "arn:aws-us-gov:ecs:us-gov-west-1:050779347855:task/production/ce08490fc0bd40ba91f1a2a1f3d37d7a,aws:ecs:serviceName",
            "key": "aws:ecs:serviceName",
            "resource_arn": "arn:aws-us-gov:ecs:us-gov-west-1:050779347855:task/production/ce08490fc0bd40ba91f1a2a1f3d37d7a",
            "value": "simple-email-manager"
          },
          "sensitive_attributes": []
        }
      ]
    },
    {
      "mode": "managed",
      "type": "aws_ecs_tag",
      "name": "cf4dca63281a456fb8ff07499bc7e87e_tag_aws_ecs_clusterName",
      "provider": "provider[\"registry.terraform.io/hashicorp/aws\"]",
      "instances": [
        {
          "schema_version": 0,
          "attributes": {
            "id": "arn:aws-us-gov:ecs:us-gov-west-1:050779347855:task/production/cf4dca63281a456fb8ff07499bc7e87e,aws:ecs:clusterName",
            "key": "aws:ecs:clusterName",
            "resource_arn": "arn:aws-us-gov:ecs:us-gov-west-1:050779347855:task/production/cf4dca63281a456fb8ff07499bc7e87e",
            "value": "production"
          },
          "sensitive_attributes": []
        }
      ]
    },
    {
      "mode": "managed",
      "type": "aws_ecs_tag",
      "name": "cf4dca63281a456fb8ff07499bc7e87e_tag_aws_ecs_serviceName",
      "provider": "provider[\"registry.terraform.io/hashicorp/aws\"]",
      "instances": [
        {
          "schema_version": 0,
          "attributes": {
            "id": "arn:aws-us-gov:ecs:us-gov-west-1:050779347855:task/production/cf4dca63281a456fb8ff07499bc7e87e,aws:ecs:serviceName",
            "key": "aws:ecs:serviceName",
            "resource_arn": "arn:aws-us-gov:ecs:us-gov-west-1:050779347855:task/production/cf4dca63281a456fb8ff07499bc7e87e",
            "value": "creator-graphql-api"
          },
          "sensitive_attributes": []
        }
      ]
    },
    {
      "mode": "managed",
      "type": "aws_ecs_tag",
      "name": "cf90067fa3874629b23432a698800299_tag_aws_ecs_clusterName",
      "provider": "provider[\"registry.terraform.io/hashicorp/aws\"]",
      "instances": [
        {
          "schema_version": 0,
          "attributes": {
            "id": "arn:aws-us-gov:ecs:us-gov-west-1:050779347855:task/production/cf90067fa3874629b23432a698800299,aws:ecs:clusterName",
            "key": "aws:ecs:clusterName",
            "resource_arn": "arn:aws-us-gov:ecs:us-gov-west-1:050779347855:task/production/cf90067fa3874629b23432a698800299",
            "value": "production"
          },
          "sensitive_attributes": []
        }
      ]
    },
    {
      "mode": "managed",
      "type": "aws_ecs_tag",
      "name": "cf90067fa3874629b23432a698800299_tag_aws_ecs_serviceName",
      "provider": "provider[\"registry.terraform.io/hashicorp/aws\"]",
      "instances": [
        {
          "schema_version": 0,
          "attributes": {
            "id": "arn:aws-us-gov:ecs:us-gov-west-1:050779347855:task/production/cf90067fa3874629b23432a698800299,aws:ecs:serviceName",
            "key": "aws:ecs:serviceName",
            "resource_arn": "arn:aws-us-gov:ecs:us-gov-west-1:050779347855:task/production/cf90067fa3874629b23432a698800299",
            "value": "aws-xray-daemon"
          },
          "sensitive_attributes": []
        }
      ]
    },
    {
      "mode": "managed",
      "type": "aws_ecs_tag",
      "name": "chat_allogy_server_2_tag_Version",
      "provider": "provider[\"registry.terraform.io/hashicorp/aws\"]",
      "instances": [
        {
          "schema_version": 0,
          "attributes": {
            "id": "arn:aws-us-gov:ecs:us-gov-west-1:050779347855:task-definition/chat-allogy-server:2,Version",
            "key": "Version",
            "resource_arn": "arn:aws-us-gov:ecs:us-gov-west-1:050779347855:task-definition/chat-allogy-server:2",
            "value": "1.0-49"
          },
          "sensitive_attributes": []
        }
      ]
    },
    {
      "mode": "managed",
      "type": "aws_ecs_tag",
      "name": "code_service_4_tag_Version",
      "provider": "provider[\"registry.terraform.io/hashicorp/aws\"]",
      "instances": [
        {
          "schema_version": 0,
          "attributes": {
            "id": "arn:aws-us-gov:ecs:us-gov-west-1:050779347855:task-definition/code-service:4,Version",
            "key": "Version",
            "resource_arn": "arn:aws-us-gov:ecs:us-gov-west-1:050779347855:task-definition/code-service:4",
            "value": "1.0-89"
          },
          "sensitive_attributes": []
        }
      ]
    },
    {
      "mode": "managed",
      "type": "aws_ecs_tag",
      "name": "collections_space_service_3_tag_Version",
      "provider": "provider[\"registry.terraform.io/hashicorp/aws\"]",
      "instances": [
        {
          "schema_version": 0,
          "attributes": {
            "id": "arn:aws-us-gov:ecs:us-gov-west-1:050779347855:task-definition/collections-space-service:3,Version",
            "key": "Version",
            "resource_arn": "arn:aws-us-gov:ecs:us-gov-west-1:050779347855:task-definition/collections-space-service:3",
            "value": "1.0-43"
          },
          "sensitive_attributes": []
        }
      ]
    },
    {
      "mode": "managed",
      "type": "aws_ecs_tag",
      "name": "content_download_analytics_service_4_tag_Version",
      "provider": "provider[\"registry.terraform.io/hashicorp/aws\"]",
      "instances": [
        {
          "schema_version": 0,
          "attributes": {
            "id": "arn:aws-us-gov:ecs:us-gov-west-1:050779347855:task-definition/content-download-analytics-service:4,Version",
            "key": "Version",
            "resource_arn": "arn:aws-us-gov:ecs:us-gov-west-1:050779347855:task-definition/content-download-analytics-service:4",
            "value": "1.0-testing-2"
          },
          "sensitive_attributes": []
        }
      ]
    },
    {
      "mode": "managed",
      "type": "aws_ecs_tag",
      "name": "course_certificate_pdf_service_7_tag_Version",
      "provider": "provider[\"registry.terraform.io/hashicorp/aws\"]",
      "instances": [
        {
          "schema_version": 0,
          "attributes": {
            "id": "arn:aws-us-gov:ecs:us-gov-west-1:050779347855:task-definition/course-certificate-pdf-service:7,Version",
            "key": "Version",
            "resource_arn": "arn:aws-us-gov:ecs:us-gov-west-1:050779347855:task-definition/course-certificate-pdf-service:7",
            "value": "1.0-67"
          },
          "sensitive_attributes": []
        }
      ]
    },
    {
      "mode": "managed",
      "type": "aws_ecs_tag",
      "name": "course_content_progress_service_4_tag_Version",
      "provider": "provider[\"registry.terraform.io/hashicorp/aws\"]",
      "instances": [
        {
          "schema_version": 0,
          "attributes": {
            "id": "arn:aws-us-gov:ecs:us-gov-west-1:050779347855:task-definition/course-content-progress-service:4,Version",
            "key": "Version",
            "resource_arn": "arn:aws-us-gov:ecs:us-gov-west-1:050779347855:task-definition/course-content-progress-service:4",
            "value": "1.0-169"
          },
          "sensitive_attributes": []
        }
      ]
    },
    {
      "mode": "managed",
      "type": "aws_ecs_tag",
      "name": "course_instance_service_17_tag_Version",
      "provider": "provider[\"registry.terraform.io/hashicorp/aws\"]",
      "instances": [
        {
          "schema_version": 0,
          "attributes": {
            "id": "arn:aws-us-gov:ecs:us-gov-west-1:050779347855:task-definition/course-instance-service:17,Version",
            "key": "Version",
            "resource_arn": "arn:aws-us-gov:ecs:us-gov-west-1:050779347855:task-definition/course-instance-service:17",
            "value": "1.0-361"
          },
          "sensitive_attributes": []
        }
      ]
    },
    {
      "mode": "managed",
      "type": "aws_ecs_tag",
      "name": "creator_graphql_api_4_tag_Version",
      "provider": "provider[\"registry.terraform.io/hashicorp/aws\"]",
      "instances": [
        {
          "schema_version": 0,
          "attributes": {
            "id": "arn:aws-us-gov:ecs:us-gov-west-1:050779347855:task-definition/creator-graphql-api:4,Version",
            "key": "Version",
            "resource_arn": "arn:aws-us-gov:ecs:us-gov-west-1:050779347855:task-definition/creator-graphql-api:4",
            "value": "1.0-27"
          },
          "sensitive_attributes": []
        }
      ]
    },
    {
      "mode": "managed",
      "type": "aws_ecs_tag",
      "name": "creator_settings_service_9_tag_Version",
      "provider": "provider[\"registry.terraform.io/hashicorp/aws\"]",
      "instances": [
        {
          "schema_version": 0,
          "attributes": {
            "id": "arn:aws-us-gov:ecs:us-gov-west-1:050779347855:task-definition/creator-settings-service:9,Version",
            "key": "Version",
            "resource_arn": "arn:aws-us-gov:ecs:us-gov-west-1:050779347855:task-definition/creator-settings-service:9",
            "value": "1.0-27"
          },
          "sensitive_attributes": []
        }
      ]
    },
    {
      "mode": "managed",
      "type": "aws_ecs_tag",
      "name": "creator_user_settings_service_5_tag_Version",
      "provider": "provider[\"registry.terraform.io/hashicorp/aws\"]",
      "instances": [
        {
          "schema_version": 0,
          "attributes": {
            "id": "arn:aws-us-gov:ecs:us-gov-west-1:050779347855:task-definition/creator-user-settings-service:5,Version",
            "key": "Version",
            "resource_arn": "arn:aws-us-gov:ecs:us-gov-west-1:050779347855:task-definition/creator-user-settings-service:5",
            "value": "1.0-39"
          },
          "sensitive_attributes": []
        }
      ]
    },
    {
      "mode": "managed",
      "type": "aws_ecs_tag",
      "name": "d03601a259434699bc78fe640a6a21e7_tag_aws_ecs_clusterName",
      "provider": "provider[\"registry.terraform.io/hashicorp/aws\"]",
      "instances": [
        {
          "schema_version": 0,
          "attributes": {
            "id": "arn:aws-us-gov:ecs:us-gov-west-1:050779347855:task/production/d03601a259434699bc78fe640a6a21e7,aws:ecs:clusterName",
            "key": "aws:ecs:clusterName",
            "resource_arn": "arn:aws-us-gov:ecs:us-gov-west-1:050779347855:task/production/d03601a259434699bc78fe640a6a21e7",
            "value": "production"
          },
          "sensitive_attributes": []
        }
      ]
    },
    {
      "mode": "managed",
      "type": "aws_ecs_tag",
      "name": "d03601a259434699bc78fe640a6a21e7_tag_aws_ecs_serviceName",
      "provider": "provider[\"registry.terraform.io/hashicorp/aws\"]",
      "instances": [
        {
          "schema_version": 0,
          "attributes": {
            "id": "arn:aws-us-gov:ecs:us-gov-west-1:050779347855:task/production/d03601a259434699bc78fe640a6a21e7,aws:ecs:serviceName",
            "key": "aws:ecs:serviceName",
            "resource_arn": "arn:aws-us-gov:ecs:us-gov-west-1:050779347855:task/production/d03601a259434699bc78fe640a6a21e7",
            "value": "eureka-discovery-service"
          },
          "sensitive_attributes": []
        }
      ]
    },
    {
      "mode": "managed",
      "type": "aws_ecs_tag",
      "name": "d7d756978baa4964b4a5359b4f652fd0_tag_aws_ecs_clusterName",
      "provider": "provider[\"registry.terraform.io/hashicorp/aws\"]",
      "instances": [
        {
          "schema_version": 0,
          "attributes": {
            "id": "arn:aws-us-gov:ecs:us-gov-west-1:050779347855:task/production/d7d756978baa4964b4a5359b4f652fd0,aws:ecs:clusterName",
            "key": "aws:ecs:clusterName",
            "resource_arn": "arn:aws-us-gov:ecs:us-gov-west-1:050779347855:task/production/d7d756978baa4964b4a5359b4f652fd0",
            "value": "production"
          },
          "sensitive_attributes": []
        }
      ]
    },
    {
      "mode": "managed",
      "type": "aws_ecs_tag",
      "name": "d7d756978baa4964b4a5359b4f652fd0_tag_aws_ecs_serviceName",
      "provider": "provider[\"registry.terraform.io/hashicorp/aws\"]",
      "instances": [
        {
          "schema_version": 0,
          "attributes": {
            "id": "arn:aws-us-gov:ecs:us-gov-west-1:050779347855:task/production/d7d756978baa4964b4a5359b4f652fd0,aws:ecs:serviceName",
            "key": "aws:ecs:serviceName",
            "resource_arn": "arn:aws-us-gov:ecs:us-gov-west-1:050779347855:task/production/d7d756978baa4964b4a5359b4f652fd0",
            "value": "learning-media-service"
          },
          "sensitive_attributes": []
        }
      ]
    },
    {
      "mode": "managed",
      "type": "aws_ecs_tag",
      "name": "dbd9197d83c04f1e8338de1178689ad6_tag_aws_ecs_clusterName",
      "provider": "provider[\"registry.terraform.io/hashicorp/aws\"]",
      "instances": [
        {
          "schema_version": 0,
          "attributes": {
            "id": "arn:aws-us-gov:ecs:us-gov-west-1:050779347855:task/production/dbd9197d83c04f1e8338de1178689ad6,aws:ecs:clusterName",
            "key": "aws:ecs:clusterName",
            "resource_arn": "arn:aws-us-gov:ecs:us-gov-west-1:050779347855:task/production/dbd9197d83c04f1e8338de1178689ad6",
            "value": "production"
          },
          "sensitive_attributes": []
        }
      ]
    },
    {
      "mode": "managed",
      "type": "aws_ecs_tag",
      "name": "dbd9197d83c04f1e8338de1178689ad6_tag_aws_ecs_serviceName",
      "provider": "provider[\"registry.terraform.io/hashicorp/aws\"]",
      "instances": [
        {
          "schema_version": 0,
          "attributes": {
            "id": "arn:aws-us-gov:ecs:us-gov-west-1:050779347855:task/production/dbd9197d83c04f1e8338de1178689ad6,aws:ecs:serviceName",
            "key": "aws:ecs:serviceName",
            "resource_arn": "arn:aws-us-gov:ecs:us-gov-west-1:050779347855:task/production/dbd9197d83c04f1e8338de1178689ad6",
            "value": "notification-service"
          },
          "sensitive_attributes": []
        }
      ]
    },
    {
      "mode": "managed",
      "type": "aws_ecs_tag",
      "name": "dbt_form_processor_3_tag_Version",
      "provider": "provider[\"registry.terraform.io/hashicorp/aws\"]",
      "instances": [
        {
          "schema_version": 0,
          "attributes": {
            "id": "arn:aws-us-gov:ecs:us-gov-west-1:050779347855:task-definition/dbt-form-processor:3,Version",
            "key": "Version",
            "resource_arn": "arn:aws-us-gov:ecs:us-gov-west-1:050779347855:task-definition/dbt-form-processor:3",
            "value": "1.0-71"
          },
          "sensitive_attributes": []
        }
      ]
    },
    {
      "mode": "managed",
      "type": "aws_ecs_tag",
      "name": "domain_model_service_2_tag_Version",
      "provider": "provider[\"registry.terraform.io/hashicorp/aws\"]",
      "instances": [
        {
          "schema_version": 0,
          "attributes": {
            "id": "arn:aws-us-gov:ecs:us-gov-west-1:050779347855:task-definition/domain-model-service:2,Version",
            "key": "Version",
            "resource_arn": "arn:aws-us-gov:ecs:us-gov-west-1:050779347855:task-definition/domain-model-service:2",
            "value": "1.0-44"
          },
          "sensitive_attributes": []
        }
      ]
    },
    {
      "mode": "managed",
      "type": "aws_ecs_tag",
      "name": "e203cf87511048e3bf91640492679064_tag_aws_ecs_clusterName",
      "provider": "provider[\"registry.terraform.io/hashicorp/aws\"]",
      "instances": [
        {
          "schema_version": 0,
          "attributes": {
            "id": "arn:aws-us-gov:ecs:us-gov-west-1:050779347855:task/production/e203cf87511048e3bf91640492679064,aws:ecs:clusterName",
            "key": "aws:ecs:clusterName",
            "resource_arn": "arn:aws-us-gov:ecs:us-gov-west-1:050779347855:task/production/e203cf87511048e3bf91640492679064",
            "value": "production"
          },
          "sensitive_attributes": []
        }
      ]
    },
    {
      "mode": "managed",
      "type": "aws_ecs_tag",
      "name": "e203cf87511048e3bf91640492679064_tag_aws_ecs_serviceName",
      "provider": "provider[\"registry.terraform.io/hashicorp/aws\"]",
      "instances": [
        {
          "schema_version": 0,
          "attributes": {
            "id": "arn:aws-us-gov:ecs:us-gov-west-1:050779347855:task/production/e203cf87511048e3bf91640492679064,aws:ecs:serviceName",
            "key": "aws:ecs:serviceName",
            "resource_arn": "arn:aws-us-gov:ecs:us-gov-west-1:050779347855:task/production/e203cf87511048e3bf91640492679064",
            "value": "eureka-discovery-service"
          },
          "sensitive_attributes": []
        }
      ]
    },
    {
      "mode": "managed",
      "type": "aws_ecs_tag",
      "name": "e264072d84fa4e95b8f8c7748d5b67b9_tag_aws_ecs_clusterName",
      "provider": "provider[\"registry.terraform.io/hashicorp/aws\"]",
      "instances": [
        {
          "schema_version": 0,
          "attributes": {
            "id": "arn:aws-us-gov:ecs:us-gov-west-1:050779347855:task/production/e264072d84fa4e95b8f8c7748d5b67b9,aws:ecs:clusterName",
            "key": "aws:ecs:clusterName",
            "resource_arn": "arn:aws-us-gov:ecs:us-gov-west-1:050779347855:task/production/e264072d84fa4e95b8f8c7748d5b67b9",
            "value": "production"
          },
          "sensitive_attributes": []
        }
      ]
    },
    {
      "mode": "managed",
      "type": "aws_ecs_tag",
      "name": "e264072d84fa4e95b8f8c7748d5b67b9_tag_aws_ecs_serviceName",
      "provider": "provider[\"registry.terraform.io/hashicorp/aws\"]",
      "instances": [
        {
          "schema_version": 0,
          "attributes": {
            "id": "arn:aws-us-gov:ecs:us-gov-west-1:050779347855:task/production/e264072d84fa4e95b8f8c7748d5b67b9,aws:ecs:serviceName",
            "key": "aws:ecs:serviceName",
            "resource_arn": "arn:aws-us-gov:ecs:us-gov-west-1:050779347855:task/production/e264072d84fa4e95b8f8c7748d5b67b9",
            "value": "tenant-host-domain-service"
          },
          "sensitive_attributes": []
        }
      ]
    },
    {
      "mode": "managed",
      "type": "aws_ecs_tag",
      "name": "e7133d9740df43c89969506374f2eeea_tag_aws_ecs_clusterName",
      "provider": "provider[\"registry.terraform.io/hashicorp/aws\"]",
      "instances": [
        {
          "schema_version": 0,
          "attributes": {
            "id": "arn:aws-us-gov:ecs:us-gov-west-1:050779347855:task/production/e7133d9740df43c89969506374f2eeea,aws:ecs:clusterName",
            "key": "aws:ecs:clusterName",
            "resource_arn": "arn:aws-us-gov:ecs:us-gov-west-1:050779347855:task/production/e7133d9740df43c89969506374f2eeea",
            "value": "production"
          },
          "sensitive_attributes": []
        }
      ]
    },
    {
      "mode": "managed",
      "type": "aws_ecs_tag",
      "name": "e7133d9740df43c89969506374f2eeea_tag_aws_ecs_serviceName",
      "provider": "provider[\"registry.terraform.io/hashicorp/aws\"]",
      "instances": [
        {
          "schema_version": 0,
          "attributes": {
            "id": "arn:aws-us-gov:ecs:us-gov-west-1:050779347855:task/production/e7133d9740df43c89969506374f2eeea,aws:ecs:serviceName",
            "key": "aws:ecs:serviceName",
            "resource_arn": "arn:aws-us-gov:ecs:us-gov-west-1:050779347855:task/production/e7133d9740df43c89969506374f2eeea",
            "value": "builder-publisher-task"
          },
          "sensitive_attributes": []
        }
      ]
    },
    {
      "mode": "managed",
      "type": "aws_ecs_tag",
      "name": "e7e8322ef3bf4746972c2ab42ec8291f_tag_aws_ecs_clusterName",
      "provider": "provider[\"registry.terraform.io/hashicorp/aws\"]",
      "instances": [
        {
          "schema_version": 0,
          "attributes": {
            "id": "arn:aws-us-gov:ecs:us-gov-west-1:050779347855:task/production/e7e8322ef3bf4746972c2ab42ec8291f,aws:ecs:clusterName",
            "key": "aws:ecs:clusterName",
            "resource_arn": "arn:aws-us-gov:ecs:us-gov-west-1:050779347855:task/production/e7e8322ef3bf4746972c2ab42ec8291f",
            "value": "production"
          },
          "sensitive_attributes": []
        }
      ]
    },
    {
      "mode": "managed",
      "type": "aws_ecs_tag",
      "name": "e7e8322ef3bf4746972c2ab42ec8291f_tag_aws_ecs_serviceName",
      "provider": "provider[\"registry.terraform.io/hashicorp/aws\"]",
      "instances": [
        {
          "schema_version": 0,
          "attributes": {
            "id": "arn:aws-us-gov:ecs:us-gov-west-1:050779347855:task/production/e7e8322ef3bf4746972c2ab42ec8291f,aws:ecs:serviceName",
            "key": "aws:ecs:serviceName",
            "resource_arn": "arn:aws-us-gov:ecs:us-gov-west-1:050779347855:task/production/e7e8322ef3bf4746972c2ab42ec8291f",
            "value": "image-reference-service"
          },
          "sensitive_attributes": []
        }
      ]
    },
    {
      "mode": "managed",
      "type": "aws_ecs_tag",
      "name": "eaf683407f524ba98a680d7a77d3ffa6_tag_aws_ecs_clusterName",
      "provider": "provider[\"registry.terraform.io/hashicorp/aws\"]",
      "instances": [
        {
          "schema_version": 0,
          "attributes": {
            "id": "arn:aws-us-gov:ecs:us-gov-west-1:050779347855:task/production/eaf683407f524ba98a680d7a77d3ffa6,aws:ecs:clusterName",
            "key": "aws:ecs:clusterName",
            "resource_arn": "arn:aws-us-gov:ecs:us-gov-west-1:050779347855:task/production/eaf683407f524ba98a680d7a77d3ffa6",
            "value": "production"
          },
          "sensitive_attributes": []
        }
      ]
    },
    {
      "mode": "managed",
      "type": "aws_ecs_tag",
      "name": "eaf683407f524ba98a680d7a77d3ffa6_tag_aws_ecs_serviceName",
      "provider": "provider[\"registry.terraform.io/hashicorp/aws\"]",
      "instances": [
        {
          "schema_version": 0,
          "attributes": {
            "id": "arn:aws-us-gov:ecs:us-gov-west-1:050779347855:task/production/eaf683407f524ba98a680d7a77d3ffa6,aws:ecs:serviceName",
            "key": "aws:ecs:serviceName",
            "resource_arn": "arn:aws-us-gov:ecs:us-gov-west-1:050779347855:task/production/eaf683407f524ba98a680d7a77d3ffa6",
            "value": "aws-xray-daemon"
          },
          "sensitive_attributes": []
        }
      ]
    },
    {
      "mode": "managed",
      "type": "aws_ecs_tag",
      "name": "ec63bc3ffd004c55916dd86adfeb5df8_tag_aws_ecs_clusterName",
      "provider": "provider[\"registry.terraform.io/hashicorp/aws\"]",
      "instances": [
        {
          "schema_version": 0,
          "attributes": {
            "id": "arn:aws-us-gov:ecs:us-gov-west-1:050779347855:task/production/ec63bc3ffd004c55916dd86adfeb5df8,aws:ecs:clusterName",
            "key": "aws:ecs:clusterName",
            "resource_arn": "arn:aws-us-gov:ecs:us-gov-west-1:050779347855:task/production/ec63bc3ffd004c55916dd86adfeb5df8",
            "value": "production"
          },
          "sensitive_attributes": []
        }
      ]
    },
    {
      "mode": "managed",
      "type": "aws_ecs_tag",
      "name": "ec63bc3ffd004c55916dd86adfeb5df8_tag_aws_ecs_serviceName",
      "provider": "provider[\"registry.terraform.io/hashicorp/aws\"]",
      "instances": [
        {
          "schema_version": 0,
          "attributes": {
            "id": "arn:aws-us-gov:ecs:us-gov-west-1:050779347855:task/production/ec63bc3ffd004c55916dd86adfeb5df8,aws:ecs:serviceName",
            "key": "aws:ecs:serviceName",
            "resource_arn": "arn:aws-us-gov:ecs:us-gov-west-1:050779347855:task/production/ec63bc3ffd004c55916dd86adfeb5df8",
            "value": "registration-validation-service"
          },
          "sensitive_attributes": []
        }
      ]
    },
    {
      "mode": "managed",
      "type": "aws_ecs_tag",
      "name": "ec6d5c864fa34ba594a20d33bdc55d53_tag_aws_ecs_clusterName",
      "provider": "provider[\"registry.terraform.io/hashicorp/aws\"]",
      "instances": [
        {
          "schema_version": 0,
          "attributes": {
            "id": "arn:aws-us-gov:ecs:us-gov-west-1:050779347855:task/production/ec6d5c864fa34ba594a20d33bdc55d53,aws:ecs:clusterName",
            "key": "aws:ecs:clusterName",
            "resource_arn": "arn:aws-us-gov:ecs:us-gov-west-1:050779347855:task/production/ec6d5c864fa34ba594a20d33bdc55d53",
            "value": "production"
          },
          "sensitive_attributes": []
        }
      ]
    },
    {
      "mode": "managed",
      "type": "aws_ecs_tag",
      "name": "ec6d5c864fa34ba594a20d33bdc55d53_tag_aws_ecs_serviceName",
      "provider": "provider[\"registry.terraform.io/hashicorp/aws\"]",
      "instances": [
        {
          "schema_version": 0,
          "attributes": {
            "id": "arn:aws-us-gov:ecs:us-gov-west-1:050779347855:task/production/ec6d5c864fa34ba594a20d33bdc55d53,aws:ecs:serviceName",
            "key": "aws:ecs:serviceName",
            "resource_arn": "arn:aws-us-gov:ecs:us-gov-west-1:050779347855:task/production/ec6d5c864fa34ba594a20d33bdc55d53",
            "value": "builder-service"
          },
          "sensitive_attributes": []
        }
      ]
    },
    {
      "mode": "managed",
      "type": "aws_ecs_tag",
      "name": "ed491c912085499b8f10f75286aceb60_tag_aws_ecs_clusterName",
      "provider": "provider[\"registry.terraform.io/hashicorp/aws\"]",
      "instances": [
        {
          "schema_version": 0,
          "attributes": {
            "id": "arn:aws-us-gov:ecs:us-gov-west-1:050779347855:task/production/ed491c912085499b8f10f75286aceb60,aws:ecs:clusterName",
            "key": "aws:ecs:clusterName",
            "resource_arn": "arn:aws-us-gov:ecs:us-gov-west-1:050779347855:task/production/ed491c912085499b8f10f75286aceb60",
            "value": "production"
          },
          "sensitive_attributes": []
        }
      ]
    },
    {
      "mode": "managed",
      "type": "aws_ecs_tag",
      "name": "ed491c912085499b8f10f75286aceb60_tag_aws_ecs_serviceName",
      "provider": "provider[\"registry.terraform.io/hashicorp/aws\"]",
      "instances": [
        {
          "schema_version": 0,
          "attributes": {
            "id": "arn:aws-us-gov:ecs:us-gov-west-1:050779347855:task/production/ed491c912085499b8f10f75286aceb60,aws:ecs:serviceName",
            "key": "aws:ecs:serviceName",
            "resource_arn": "arn:aws-us-gov:ecs:us-gov-west-1:050779347855:task/production/ed491c912085499b8f10f75286aceb60",
            "value": "xapi-service"
          },
          "sensitive_attributes": []
        }
      ]
    },
    {
      "mode": "managed",
      "type": "aws_ecs_tag",
      "name": "efc114a2610c4a61ab6279b72fdb24a3_tag_aws_ecs_clusterName",
      "provider": "provider[\"registry.terraform.io/hashicorp/aws\"]",
      "instances": [
        {
          "schema_version": 0,
          "attributes": {
            "id": "arn:aws-us-gov:ecs:us-gov-west-1:050779347855:task/production/efc114a2610c4a61ab6279b72fdb24a3,aws:ecs:clusterName",
            "key": "aws:ecs:clusterName",
            "resource_arn": "arn:aws-us-gov:ecs:us-gov-west-1:050779347855:task/production/efc114a2610c4a61ab6279b72fdb24a3",
            "value": "production"
          },
          "sensitive_attributes": []
        }
      ]
    },
    {
      "mode": "managed",
      "type": "aws_ecs_tag",
      "name": "efc114a2610c4a61ab6279b72fdb24a3_tag_aws_ecs_serviceName",
      "provider": "provider[\"registry.terraform.io/hashicorp/aws\"]",
      "instances": [
        {
          "schema_version": 0,
          "attributes": {
            "id": "arn:aws-us-gov:ecs:us-gov-west-1:050779347855:task/production/efc114a2610c4a61ab6279b72fdb24a3,aws:ecs:serviceName",
            "key": "aws:ecs:serviceName",
            "resource_arn": "arn:aws-us-gov:ecs:us-gov-west-1:050779347855:task/production/efc114a2610c4a61ab6279b72fdb24a3",
            "value": "course-instance-service"
          },
          "sensitive_attributes": []
        }
      ]
    },
    {
      "mode": "managed",
      "type": "aws_ecs_tag",
      "name": "eureka_discovery_service_4_tag_Version",
      "provider": "provider[\"registry.terraform.io/hashicorp/aws\"]",
      "instances": [
        {
          "schema_version": 0,
          "attributes": {
            "id": "arn:aws-us-gov:ecs:us-gov-west-1:050779347855:task-definition/eureka-discovery-service:4,Version",
            "key": "Version",
            "resource_arn": "arn:aws-us-gov:ecs:us-gov-west-1:050779347855:task-definition/eureka-discovery-service:4",
            "value": "1.0-82"
          },
          "sensitive_attributes": []
        }
      ]
    },
    {
      "mode": "managed",
      "type": "aws_ecs_tag",
      "name": "event_tracking_service_2_tag_Version",
      "provider": "provider[\"registry.terraform.io/hashicorp/aws\"]",
      "instances": [
        {
          "schema_version": 0,
          "attributes": {
            "id": "arn:aws-us-gov:ecs:us-gov-west-1:050779347855:task-definition/event-tracking-service:2,Version",
            "key": "Version",
            "resource_arn": "arn:aws-us-gov:ecs:us-gov-west-1:050779347855:task-definition/event-tracking-service:2",
            "value": "1.0-7"
          },
          "sensitive_attributes": []
        }
      ]
    },
    {
      "mode": "managed",
      "type": "aws_ecs_tag",
      "name": "external_app_service_4_tag_Version",
      "provider": "provider[\"registry.terraform.io/hashicorp/aws\"]",
      "instances": [
        {
          "schema_version": 0,
          "attributes": {
            "id": "arn:aws-us-gov:ecs:us-gov-west-1:050779347855:task-definition/external-app-service:4,Version",
            "key": "Version",
            "resource_arn": "arn:aws-us-gov:ecs:us-gov-west-1:050779347855:task-definition/external-app-service:4",
            "value": "1.0-55"
          },
          "sensitive_attributes": []
        }
      ]
    },
    {
      "mode": "managed",
      "type": "aws_ecs_tag",
      "name": "f1498a1cb57442d69525c24e000e7707_tag_aws_ecs_clusterName",
      "provider": "provider[\"registry.terraform.io/hashicorp/aws\"]",
      "instances": [
        {
          "schema_version": 0,
          "attributes": {
            "id": "arn:aws-us-gov:ecs:us-gov-west-1:050779347855:task/production/f1498a1cb57442d69525c24e000e7707,aws:ecs:clusterName",
            "key": "aws:ecs:clusterName",
            "resource_arn": "arn:aws-us-gov:ecs:us-gov-west-1:050779347855:task/production/f1498a1cb57442d69525c24e000e7707",
            "value": "production"
          },
          "sensitive_attributes": []
        }
      ]
    },
    {
      "mode": "managed",
      "type": "aws_ecs_tag",
      "name": "f1498a1cb57442d69525c24e000e7707_tag_aws_ecs_serviceName",
      "provider": "provider[\"registry.terraform.io/hashicorp/aws\"]",
      "instances": [
        {
          "schema_version": 0,
          "attributes": {
            "id": "arn:aws-us-gov:ecs:us-gov-west-1:050779347855:task/production/f1498a1cb57442d69525c24e000e7707,aws:ecs:serviceName",
            "key": "aws:ecs:serviceName",
            "resource_arn": "arn:aws-us-gov:ecs:us-gov-west-1:050779347855:task/production/f1498a1cb57442d69525c24e000e7707",
            "value": "single-step-service"
          },
          "sensitive_attributes": []
        }
      ]
    },
    {
      "mode": "managed",
      "type": "aws_ecs_tag",
      "name": "f162ca69c3f6459baf659b7e0b4af508_tag_aws_ecs_clusterName",
      "provider": "provider[\"registry.terraform.io/hashicorp/aws\"]",
      "instances": [
        {
          "schema_version": 0,
          "attributes": {
            "id": "arn:aws-us-gov:ecs:us-gov-west-1:050779347855:task/production/f162ca69c3f6459baf659b7e0b4af508,aws:ecs:clusterName",
            "key": "aws:ecs:clusterName",
            "resource_arn": "arn:aws-us-gov:ecs:us-gov-west-1:050779347855:task/production/f162ca69c3f6459baf659b7e0b4af508",
            "value": "production"
          },
          "sensitive_attributes": []
        }
      ]
    },
    {
      "mode": "managed",
      "type": "aws_ecs_tag",
      "name": "f162ca69c3f6459baf659b7e0b4af508_tag_aws_ecs_serviceName",
      "provider": "provider[\"registry.terraform.io/hashicorp/aws\"]",
      "instances": [
        {
          "schema_version": 0,
          "attributes": {
            "id": "arn:aws-us-gov:ecs:us-gov-west-1:050779347855:task/production/f162ca69c3f6459baf659b7e0b4af508,aws:ecs:serviceName",
            "key": "aws:ecs:serviceName",
            "resource_arn": "arn:aws-us-gov:ecs:us-gov-west-1:050779347855:task/production/f162ca69c3f6459baf659b7e0b4af508",
            "value": "builder-publisher-task"
          },
          "sensitive_attributes": []
        }
      ]
    },
    {
      "mode": "managed",
      "type": "aws_ecs_tag",
      "name": "f3bc5c3c52884217b865acf40b007185_tag_aws_ecs_clusterName",
      "provider": "provider[\"registry.terraform.io/hashicorp/aws\"]",
      "instances": [
        {
          "schema_version": 0,
          "attributes": {
            "id": "arn:aws-us-gov:ecs:us-gov-west-1:050779347855:task/production/f3bc5c3c52884217b865acf40b007185,aws:ecs:clusterName",
            "key": "aws:ecs:clusterName",
            "resource_arn": "arn:aws-us-gov:ecs:us-gov-west-1:050779347855:task/production/f3bc5c3c52884217b865acf40b007185",
            "value": "production"
          },
          "sensitive_attributes": []
        }
      ]
    },
    {
      "mode": "managed",
      "type": "aws_ecs_tag",
      "name": "f3bc5c3c52884217b865acf40b007185_tag_aws_ecs_serviceName",
      "provider": "provider[\"registry.terraform.io/hashicorp/aws\"]",
      "instances": [
        {
          "schema_version": 0,
          "attributes": {
            "id": "arn:aws-us-gov:ecs:us-gov-west-1:050779347855:task/production/f3bc5c3c52884217b865acf40b007185,aws:ecs:serviceName",
            "key": "aws:ecs:serviceName",
            "resource_arn": "arn:aws-us-gov:ecs:us-gov-west-1:050779347855:task/production/f3bc5c3c52884217b865acf40b007185",
            "value": "learning-activity-service"
          },
          "sensitive_attributes": []
        }
      ]
    },
    {
      "mode": "managed",
      "type": "aws_ecs_tag",
      "name": "f70f1df935aa47f292906aa4b3b0e5ee_tag_aws_ecs_clusterName",
      "provider": "provider[\"registry.terraform.io/hashicorp/aws\"]",
      "instances": [
        {
          "schema_version": 0,
          "attributes": {
            "id": "arn:aws-us-gov:ecs:us-gov-west-1:050779347855:task/production/f70f1df935aa47f292906aa4b3b0e5ee,aws:ecs:clusterName",
            "key": "aws:ecs:clusterName",
            "resource_arn": "arn:aws-us-gov:ecs:us-gov-west-1:050779347855:task/production/f70f1df935aa47f292906aa4b3b0e5ee",
            "value": "production"
          },
          "sensitive_attributes": []
        }
      ]
    },
    {
      "mode": "managed",
      "type": "aws_ecs_tag",
      "name": "f70f1df935aa47f292906aa4b3b0e5ee_tag_aws_ecs_serviceName",
      "provider": "provider[\"registry.terraform.io/hashicorp/aws\"]",
      "instances": [
        {
          "schema_version": 0,
          "attributes": {
            "id": "arn:aws-us-gov:ecs:us-gov-west-1:050779347855:task/production/f70f1df935aa47f292906aa4b3b0e5ee,aws:ecs:serviceName",
            "key": "aws:ecs:serviceName",
            "resource_arn": "arn:aws-us-gov:ecs:us-gov-west-1:050779347855:task/production/f70f1df935aa47f292906aa4b3b0e5ee",
            "value": "course-instance-service"
          },
          "sensitive_attributes": []
        }
      ]
    },
    {
      "mode": "managed",
      "type": "aws_ecs_tag",
      "name": "f9f319ad50134dc5ab6c47d85b6d6418_tag_aws_ecs_clusterName",
      "provider": "provider[\"registry.terraform.io/hashicorp/aws\"]",
      "instances": [
        {
          "schema_version": 0,
          "attributes": {
            "id": "arn:aws-us-gov:ecs:us-gov-west-1:050779347855:task/production/f9f319ad50134dc5ab6c47d85b6d6418,aws:ecs:clusterName",
            "key": "aws:ecs:clusterName",
            "resource_arn": "arn:aws-us-gov:ecs:us-gov-west-1:050779347855:task/production/f9f319ad50134dc5ab6c47d85b6d6418",
            "value": "production"
          },
          "sensitive_attributes": []
        }
      ]
    },
    {
      "mode": "managed",
      "type": "aws_ecs_tag",
      "name": "f9f319ad50134dc5ab6c47d85b6d6418_tag_aws_ecs_serviceName",
      "provider": "provider[\"registry.terraform.io/hashicorp/aws\"]",
      "instances": [
        {
          "schema_version": 0,
          "attributes": {
            "id": "arn:aws-us-gov:ecs:us-gov-west-1:050779347855:task/production/f9f319ad50134dc5ab6c47d85b6d6418,aws:ecs:serviceName",
            "key": "aws:ecs:serviceName",
            "resource_arn": "arn:aws-us-gov:ecs:us-gov-west-1:050779347855:task/production/f9f319ad50134dc5ab6c47d85b6d6418",
            "value": "learning-media-service"
          },
          "sensitive_attributes": []
        }
      ]
    },
    {
      "mode": "managed",
      "type": "aws_ecs_tag",
      "name": "fad94eb4569149f290e1d19ff69c35cc_tag_aws_ecs_clusterName",
      "provider": "provider[\"registry.terraform.io/hashicorp/aws\"]",
      "instances": [
        {
          "schema_version": 0,
          "attributes": {
            "id": "arn:aws-us-gov:ecs:us-gov-west-1:050779347855:task/production/fad94eb4569149f290e1d19ff69c35cc,aws:ecs:clusterName",
            "key": "aws:ecs:clusterName",
            "resource_arn": "arn:aws-us-gov:ecs:us-gov-west-1:050779347855:task/production/fad94eb4569149f290e1d19ff69c35cc",
            "value": "production"
          },
          "sensitive_attributes": []
        }
      ]
    },
    {
      "mode": "managed",
      "type": "aws_ecs_tag",
      "name": "fad94eb4569149f290e1d19ff69c35cc_tag_aws_ecs_serviceName",
      "provider": "provider[\"registry.terraform.io/hashicorp/aws\"]",
      "instances": [
        {
          "schema_version": 0,
          "attributes": {
            "id": "arn:aws-us-gov:ecs:us-gov-west-1:050779347855:task/production/fad94eb4569149f290e1d19ff69c35cc,aws:ecs:serviceName",
            "key": "aws:ecs:serviceName",
            "resource_arn": "arn:aws-us-gov:ecs:us-gov-west-1:050779347855:task/production/fad94eb4569149f290e1d19ff69c35cc",
            "value": "eureka-discovery-service"
          },
          "sensitive_attributes": []
        }
      ]
    },
    {
      "mode": "managed",
      "type": "aws_ecs_tag",
      "name": "fe936077c89f48a5b6ddc5746baae8b4_tag_aws_ecs_clusterName",
      "provider": "provider[\"registry.terraform.io/hashicorp/aws\"]",
      "instances": [
        {
          "schema_version": 0,
          "attributes": {
            "id": "arn:aws-us-gov:ecs:us-gov-west-1:050779347855:task/production/fe936077c89f48a5b6ddc5746baae8b4,aws:ecs:clusterName",
            "key": "aws:ecs:clusterName",
            "resource_arn": "arn:aws-us-gov:ecs:us-gov-west-1:050779347855:task/production/fe936077c89f48a5b6ddc5746baae8b4",
            "value": "production"
          },
          "sensitive_attributes": []
        }
      ]
    },
    {
      "mode": "managed",
      "type": "aws_ecs_tag",
      "name": "fe936077c89f48a5b6ddc5746baae8b4_tag_aws_ecs_serviceName",
      "provider": "provider[\"registry.terraform.io/hashicorp/aws\"]",
      "instances": [
        {
          "schema_version": 0,
          "attributes": {
            "id": "arn:aws-us-gov:ecs:us-gov-west-1:050779347855:task/production/fe936077c89f48a5b6ddc5746baae8b4,aws:ecs:serviceName",
            "key": "aws:ecs:serviceName",
            "resource_arn": "arn:aws-us-gov:ecs:us-gov-west-1:050779347855:task/production/fe936077c89f48a5b6ddc5746baae8b4",
            "value": "aws-xray-daemon"
          },
          "sensitive_attributes": []
        }
      ]
    },
    {
      "mode": "managed",
      "type": "aws_ecs_tag",
      "name": "image_reference_service_3_tag_Version",
      "provider": "provider[\"registry.terraform.io/hashicorp/aws\"]",
      "instances": [
        {
          "schema_version": 0,
          "attributes": {
            "id": "arn:aws-us-gov:ecs:us-gov-west-1:050779347855:task-definition/image-reference-service:3,Version",
            "key": "Version",
            "resource_arn": "arn:aws-us-gov:ecs:us-gov-west-1:050779347855:task-definition/image-reference-service:3",
            "value": "1.0-22"
          },
          "sensitive_attributes": []
        }
      ]
    },
    {
      "mode": "managed",
      "type": "aws_ecs_tag",
      "name": "image_scaling_service_3_tag_Version",
      "provider": "provider[\"registry.terraform.io/hashicorp/aws\"]",
      "instances": [
        {
          "schema_version": 0,
          "attributes": {
            "id": "arn:aws-us-gov:ecs:us-gov-west-1:050779347855:task-definition/image-scaling-service:3,Version",
            "key": "Version",
            "resource_arn": "arn:aws-us-gov:ecs:us-gov-west-1:050779347855:task-definition/image-scaling-service:3",
            "value": "1.0-13"
          },
          "sensitive_attributes": []
        }
      ]
    },
    {
      "mode": "managed",
      "type": "aws_ecs_tag",
      "name": "instructor_graphql_api_9_tag_Version",
      "provider": "provider[\"registry.terraform.io/hashicorp/aws\"]",
      "instances": [
        {
          "schema_version": 0,
          "attributes": {
            "id": "arn:aws-us-gov:ecs:us-gov-west-1:050779347855:task-definition/instructor-graphql-api:9,Version",
            "key": "Version",
            "resource_arn": "arn:aws-us-gov:ecs:us-gov-west-1:050779347855:task-definition/instructor-graphql-api:9",
            "value": "1.0-120"
          },
          "sensitive_attributes": []
        }
      ]
    },
    {
      "mode": "managed",
      "type": "aws_ecs_tag",
      "name": "learner_graphql_api_5_tag_Version",
      "provider": "provider[\"registry.terraform.io/hashicorp/aws\"]",
      "instances": [
        {
          "schema_version": 0,
          "attributes": {
            "id": "arn:aws-us-gov:ecs:us-gov-west-1:050779347855:task-definition/learner-graphql-api:5,Version",
            "key": "Version",
            "resource_arn": "arn:aws-us-gov:ecs:us-gov-west-1:050779347855:task-definition/learner-graphql-api:5",
            "value": "1.0-116"
          },
          "sensitive_attributes": []
        }
      ]
    },
    {
      "mode": "managed",
      "type": "aws_ecs_tag",
      "name": "learning_activity_service_3_tag_Version",
      "provider": "provider[\"registry.terraform.io/hashicorp/aws\"]",
      "instances": [
        {
          "schema_version": 0,
          "attributes": {
            "id": "arn:aws-us-gov:ecs:us-gov-west-1:050779347855:task-definition/learning-activity-service:3,Version",
            "key": "Version",
            "resource_arn": "arn:aws-us-gov:ecs:us-gov-west-1:050779347855:task-definition/learning-activity-service:3",
            "value": "1.0-49"
          },
          "sensitive_attributes": []
        }
      ]
    },
    {
      "mode": "managed",
      "type": "aws_ecs_tag",
      "name": "learning_media_service_12_tag_Version",
      "provider": "provider[\"registry.terraform.io/hashicorp/aws\"]",
      "instances": [
        {
          "schema_version": 0,
          "attributes": {
            "id": "arn:aws-us-gov:ecs:us-gov-west-1:050779347855:task-definition/learning-media-service:12,Version",
            "key": "Version",
            "resource_arn": "arn:aws-us-gov:ecs:us-gov-west-1:050779347855:task-definition/learning-media-service:12",
            "value": "1.0-staging-003"
          },
          "sensitive_attributes": []
        }
      ]
    },
    {
      "mode": "managed",
      "type": "aws_ecs_tag",
      "name": "market_search_service_5_tag_Version",
      "provider": "provider[\"registry.terraform.io/hashicorp/aws\"]",
      "instances": [
        {
          "schema_version": 0,
          "attributes": {
            "id": "arn:aws-us-gov:ecs:us-gov-west-1:050779347855:task-definition/market-search-service:5,Version",
            "key": "Version",
            "resource_arn": "arn:aws-us-gov:ecs:us-gov-west-1:050779347855:task-definition/market-search-service:5",
            "value": "1.0-146"
          },
          "sensitive_attributes": []
        }
      ]
    },
    {
      "mode": "managed",
      "type": "aws_ecs_tag",
      "name": "market_subscription_service_12_tag_Version",
      "provider": "provider[\"registry.terraform.io/hashicorp/aws\"]",
      "instances": [
        {
          "schema_version": 0,
          "attributes": {
            "id": "arn:aws-us-gov:ecs:us-gov-west-1:050779347855:task-definition/market-subscription-service:12,Version",
            "key": "Version",
            "resource_arn": "arn:aws-us-gov:ecs:us-gov-west-1:050779347855:task-definition/market-subscription-service:12",
            "value": "1.0-366"
          },
          "sensitive_attributes": []
        }
      ]
    },
    {
      "mode": "managed",
      "type": "aws_ecs_tag",
      "name": "media_asset_service_5_tag_Version",
      "provider": "provider[\"registry.terraform.io/hashicorp/aws\"]",
      "instances": [
        {
          "schema_version": 0,
          "attributes": {
            "id": "arn:aws-us-gov:ecs:us-gov-west-1:050779347855:task-definition/media-asset-service:5,Version",
            "key": "Version",
            "resource_arn": "arn:aws-us-gov:ecs:us-gov-west-1:050779347855:task-definition/media-asset-service:5",
            "value": "1.0-85"
          },
          "sensitive_attributes": []
        }
      ]
    },
    {
      "mode": "managed",
      "type": "aws_ecs_tag",
      "name": "military_user_validator_2_tag_Version",
      "provider": "provider[\"registry.terraform.io/hashicorp/aws\"]",
      "instances": [
        {
          "schema_version": 0,
          "attributes": {
            "id": "arn:aws-us-gov:ecs:us-gov-west-1:050779347855:task-definition/military-user-validator:2,Version",
            "key": "Version",
            "resource_arn": "arn:aws-us-gov:ecs:us-gov-west-1:050779347855:task-definition/military-user-validator:2",
            "value": "1.0-80"
          },
          "sensitive_attributes": []
        }
      ]
    },
    {
      "mode": "managed",
      "type": "aws_ecs_tag",
      "name": "notification_service_24_tag_Version",
      "provider": "provider[\"registry.terraform.io/hashicorp/aws\"]",
      "instances": [
        {
          "schema_version": 0,
          "attributes": {
            "id": "arn:aws-us-gov:ecs:us-gov-west-1:050779347855:task-definition/notification-service:24,Version",
            "key": "Version",
            "resource_arn": "arn:aws-us-gov:ecs:us-gov-west-1:050779347855:task-definition/notification-service:24",
            "value": "1.0-113"
          },
          "sensitive_attributes": []
        }
      ]
    },
    {
      "mode": "managed",
      "type": "aws_ecs_tag",
      "name": "performance_assessment_service_4_tag_Version",
      "provider": "provider[\"registry.terraform.io/hashicorp/aws\"]",
      "instances": [
        {
          "schema_version": 0,
          "attributes": {
            "id": "arn:aws-us-gov:ecs:us-gov-west-1:050779347855:task-definition/performance-assessment-service:4,Version",
            "key": "Version",
            "resource_arn": "arn:aws-us-gov:ecs:us-gov-west-1:050779347855:task-definition/performance-assessment-service:4",
            "value": "1.0-45"
          },
          "sensitive_attributes": []
        }
      ]
    },
    {
      "mode": "managed",
      "type": "aws_ecs_tag",
      "name": "production_tag_aws_cloudformation_logical_id",
      "provider": "provider[\"registry.terraform.io/hashicorp/aws\"]",
      "instances": [
        {
          "schema_version": 0,
          "attributes": {
            "id": "arn:aws-us-gov:ecs:us-gov-west-1:050779347855:cluster/production,aws:cloudformation:logical-id",
            "key": "aws:cloudformation:logical-id",
            "resource_arn": "arn:aws-us-gov:ecs:us-gov-west-1:050779347855:cluster/production",
            "value": "ECSCluster"
          },
          "sensitive_attributes": []
        }
      ]
    },
    {
      "mode": "managed",
      "type": "aws_ecs_tag",
      "name": "production_tag_aws_cloudformation_stack_id",
      "provider": "provider[\"registry.terraform.io/hashicorp/aws\"]",
      "instances": [
        {
          "schema_version": 0,
          "attributes": {
            "id": "arn:aws-us-gov:ecs:us-gov-west-1:050779347855:cluster/production,aws:cloudformation:stack-id",
            "key": "aws:cloudformation:stack-id",
            "resource_arn": "arn:aws-us-gov:ecs:us-gov-west-1:050779347855:cluster/production",
            "value": "arn:aws-us-gov:cloudformation:us-gov-west-1:050779347855:stack/ecs-cluster-production/4e038770-e36c-11ec-a664-06ad6ecc0c24"
          },
          "sensitive_attributes": []
        }
      ]
    },
    {
      "mode": "managed",
      "type": "aws_ecs_tag",
      "name": "production_tag_aws_cloudformation_stack_name",
      "provider": "provider[\"registry.terraform.io/hashicorp/aws\"]",
      "instances": [
        {
          "schema_version": 0,
          "attributes": {
            "id": "arn:aws-us-gov:ecs:us-gov-west-1:050779347855:cluster/production,aws:cloudformation:stack-name",
            "key": "aws:cloudformation:stack-name",
            "resource_arn": "arn:aws-us-gov:ecs:us-gov-west-1:050779347855:cluster/production",
            "value": "ecs-cluster-production"
          },
          "sensitive_attributes": []
        }
      ]
    },
    {
      "mode": "managed",
      "type": "aws_ecs_tag",
      "name": "publication_service_7_tag_Version",
      "provider": "provider[\"registry.terraform.io/hashicorp/aws\"]",
      "instances": [
        {
          "schema_version": 0,
          "attributes": {
            "id": "arn:aws-us-gov:ecs:us-gov-west-1:050779347855:task-definition/publication-service:7,Version",
            "key": "Version",
            "resource_arn": "arn:aws-us-gov:ecs:us-gov-west-1:050779347855:task-definition/publication-service:7",
            "value": "1.0-109"
          },
          "sensitive_attributes": []
        }
      ]
    },
    {
      "mode": "managed",
      "type": "aws_ecs_tag",
      "name": "registration_validation_service_4_tag_Version",
      "provider": "provider[\"registry.terraform.io/hashicorp/aws\"]",
      "instances": [
        {
          "schema_version": 0,
          "attributes": {
            "id": "arn:aws-us-gov:ecs:us-gov-west-1:050779347855:task-definition/registration-validation-service:4,Version",
            "key": "Version",
            "resource_arn": "arn:aws-us-gov:ecs:us-gov-west-1:050779347855:task-definition/registration-validation-service:4",
            "value": "1.0-19"
          },
          "sensitive_attributes": []
        }
      ]
    },
    {
      "mode": "managed",
      "type": "aws_ecs_tag",
      "name": "simple_email_manager_4_tag_Version",
      "provider": "provider[\"registry.terraform.io/hashicorp/aws\"]",
      "instances": [
        {
          "schema_version": 0,
          "attributes": {
            "id": "arn:aws-us-gov:ecs:us-gov-west-1:050779347855:task-definition/simple-email-manager:4,Version",
            "key": "Version",
            "resource_arn": "arn:aws-us-gov:ecs:us-gov-west-1:050779347855:task-definition/simple-email-manager:4",
            "value": "1.0-39"
          },
          "sensitive_attributes": []
        }
      ]
    },
    {
      "mode": "managed",
      "type": "aws_ecs_tag",
      "name": "single_step_service_7_tag_Version",
      "provider": "provider[\"registry.terraform.io/hashicorp/aws\"]",
      "instances": [
        {
          "schema_version": 0,
          "attributes": {
            "id": "arn:aws-us-gov:ecs:us-gov-west-1:050779347855:task-definition/single-step-service:7,Version",
            "key": "Version",
            "resource_arn": "arn:aws-us-gov:ecs:us-gov-west-1:050779347855:task-definition/single-step-service:7",
            "value": "1.0-34"
          },
          "sensitive_attributes": []
        }
      ]
    },
    {
      "mode": "managed",
      "type": "aws_ecs_tag",
      "name": "spring_config_server_4_tag_Version",
      "provider": "provider[\"registry.terraform.io/hashicorp/aws\"]",
      "instances": [
        {
          "schema_version": 0,
          "attributes": {
            "id": "arn:aws-us-gov:ecs:us-gov-west-1:050779347855:task-definition/spring-config-server:4,Version",
            "key": "Version",
            "resource_arn": "arn:aws-us-gov:ecs:us-gov-west-1:050779347855:task-definition/spring-config-server:4",
            "value": "1.0-54"
          },
          "sensitive_attributes": []
        }
      ]
    },
    {
      "mode": "managed",
      "type": "aws_ecs_tag",
      "name": "survey_form_service_2_tag_Version",
      "provider": "provider[\"registry.terraform.io/hashicorp/aws\"]",
      "instances": [
        {
          "schema_version": 0,
          "attributes": {
            "id": "arn:aws-us-gov:ecs:us-gov-west-1:050779347855:task-definition/survey-form-service:2,Version",
            "key": "Version",
            "resource_arn": "arn:aws-us-gov:ecs:us-gov-west-1:050779347855:task-definition/survey-form-service:2",
            "value": "1.0-8"
          },
          "sensitive_attributes": []
        }
      ]
    },
    {
      "mode": "managed",
      "type": "aws_ecs_tag",
      "name": "team_service_3_tag_Version",
      "provider": "provider[\"registry.terraform.io/hashicorp/aws\"]",
      "instances": [
        {
          "schema_version": 0,
          "attributes": {
            "id": "arn:aws-us-gov:ecs:us-gov-west-1:050779347855:task-definition/team-service:3,Version",
            "key": "Version",
            "resource_arn": "arn:aws-us-gov:ecs:us-gov-west-1:050779347855:task-definition/team-service:3",
            "value": "1.0-134"
          },
          "sensitive_attributes": []
        }
      ]
    },
    {
      "mode": "managed",
      "type": "aws_ecs_tag",
      "name": "tenant_configuration_service_8_tag_Version",
      "provider": "provider[\"registry.terraform.io/hashicorp/aws\"]",
      "instances": [
        {
          "schema_version": 0,
          "attributes": {
            "id": "arn:aws-us-gov:ecs:us-gov-west-1:050779347855:task-definition/tenant-configuration-service:8,Version",
            "key": "Version",
            "resource_arn": "arn:aws-us-gov:ecs:us-gov-west-1:050779347855:task-definition/tenant-configuration-service:8",
            "value": "1.0-55"
          },
          "sensitive_attributes": []
        }
      ]
    },
    {
      "mode": "managed",
      "type": "aws_ecs_tag",
      "name": "tenant_host_domain_service_5_tag_Version",
      "provider": "provider[\"registry.terraform.io/hashicorp/aws\"]",
      "instances": [
        {
          "schema_version": 0,
          "attributes": {
            "id": "arn:aws-us-gov:ecs:us-gov-west-1:050779347855:task-definition/tenant-host-domain-service:5,Version",
            "key": "Version",
            "resource_arn": "arn:aws-us-gov:ecs:us-gov-west-1:050779347855:task-definition/tenant-host-domain-service:5",
            "value": "1.0-20"
          },
          "sensitive_attributes": []
        }
      ]
    },
    {
      "mode": "managed",
      "type": "aws_ecs_tag",
      "name": "tenant_user_configuration_service_10_tag_Version",
      "provider": "provider[\"registry.terraform.io/hashicorp/aws\"]",
      "instances": [
        {
          "schema_version": 0,
          "attributes": {
            "id": "arn:aws-us-gov:ecs:us-gov-west-1:050779347855:task-definition/tenant-user-configuration-service:10,Version",
            "key": "Version",
            "resource_arn": "arn:aws-us-gov:ecs:us-gov-west-1:050779347855:task-definition/tenant-user-configuration-service:10",
            "value": "1.0-57"
          },
          "sensitive_attributes": []
        }
      ]
    },
    {
      "mode": "managed",
      "type": "aws_ecs_tag",
      "name": "user_data_service_11_tag_Version",
      "provider": "provider[\"registry.terraform.io/hashicorp/aws\"]",
      "instances": [
        {
          "schema_version": 0,
          "attributes": {
            "id": "arn:aws-us-gov:ecs:us-gov-west-1:050779347855:task-definition/user-data-service:11,Version",
            "key": "Version",
            "resource_arn": "arn:aws-us-gov:ecs:us-gov-west-1:050779347855:task-definition/user-data-service:11",
            "value": "2.0-127"
          },
          "sensitive_attributes": []
        }
      ]
    },
    {
      "mode": "managed",
      "type": "aws_ecs_tag",
      "name": "xapi_service_4_tag_Version",
      "provider": "provider[\"registry.terraform.io/hashicorp/aws\"]",
      "instances": [
        {
          "schema_version": 0,
          "attributes": {
            "id": "arn:aws-us-gov:ecs:us-gov-west-1:050779347855:task-definition/xapi-service:4,Version",
            "key": "Version",
            "resource_arn": "arn:aws-us-gov:ecs:us-gov-west-1:050779347855:task-definition/xapi-service:4",
            "value": "1.0-13"
          },
          "sensitive_attributes": []
        }
      ]
    },
    {
      "mode": "managed",
      "type": "aws_ecs_task_definition",
      "name": "assessment_service",
      "provider": "provider[\"registry.terraform.io/hashicorp/aws\"]",
      "instances": [
        {
          "schema_version": 1,
          "attributes": {
            "arn": "arn:aws-us-gov:ecs:us-gov-west-1:050779347855:task-definition/assessment-service:4",
            "arn_without_revision": "arn:aws-us-gov:ecs:us-gov-west-1:050779347855:task-definition/assessment-service",
            "container_definitions": "[{\"cpu\":0,\"environment\":[{\"name\":\"AWS_STS_REGIONAL_ENDPOINTS\",\"value\":\"regional\"},{\"name\":\"JAVA_TOOL_OPTIONS\",\"value\":\"-Xms256m -Xmx640m\"},{\"name\":\"SPRING_PROFILES_ACTIVE\",\"value\":\"production-gov\"}],\"essential\":true,\"image\":\"050779347855.dkr.ecr.us-gov-west-1.amazonaws.com/assessment-service:1.0-111\",\"logConfiguration\":{\"logDriver\":\"awslogs\",\"options\":{\"awslogs-group\":\"assessment-service\",\"awslogs-multiline-pattern\":\"^[0-9]{4}[^\\\\s]\",\"awslogs-region\":\"us-gov-west-1\",\"awslogs-stream-prefix\":\"1.0-111\"}},\"memoryReservation\":896,\"mountPoints\":[{\"containerPath\":\"/etc/xray\",\"readOnly\":true,\"sourceVolume\":\"xray-daemon\"}],\"name\":\"assessment-service\",\"portMappings\":[{\"containerPort\":8204,\"hostPort\":8204,\"protocol\":\"tcp\"}],\"volumesFrom\":[]}]",
            "cpu": "",
            "ephemeral_storage": [],
            "execution_role_arn": "",
            "family": "assessment-service",
            "id": "assessment-service",
            "inference_accelerator": [],
            "ipc_mode": "",
            "memory": "",
            "network_mode": "bridge",
            "pid_mode": "",
            "placement_constraints": [],
            "proxy_configuration": [],
            "requires_compatibilities": [],
            "revision": 4,
            "runtime_platform": [],
            "skip_destroy": null,
            "tags": {
              "Version": "1.0-111"
            },
            "tags_all": {
              "Version": "1.0-111"
            },
            "task_role_arn": "arn:aws-us-gov:iam::050779347855:role/web-app-assessment-service",
            "volume": [
              {
                "docker_volume_configuration": [],
                "efs_volume_configuration": [],
                "fsx_windows_file_server_volume_configuration": [],
                "host_path": "/ecs/xray/daemon",
                "name": "xray-daemon"
              }
            ]
          },
          "sensitive_attributes": []
        }
      ]
    },
    {
      "mode": "managed",
      "type": "aws_ecs_task_definition",
      "name": "aws_xray_daemon",
      "provider": "provider[\"registry.terraform.io/hashicorp/aws\"]",
      "instances": [
        {
          "schema_version": 1,
          "attributes": {
            "arn": "arn:aws-us-gov:ecs:us-gov-west-1:050779347855:task-definition/aws-xray-daemon:1",
            "arn_without_revision": "arn:aws-us-gov:ecs:us-gov-west-1:050779347855:task-definition/aws-xray-daemon",
            "container_definitions": "[{\"cpu\":0,\"environment\":[],\"essential\":true,\"image\":\"050779347855.dkr.ecr.us-gov-west-1.amazonaws.com/aws-xray-daemon:3.0-12\",\"logConfiguration\":{\"logDriver\":\"awslogs\",\"options\":{\"awslogs-group\":\"ecs-aws-xray-daemon\",\"awslogs-region\":\"us-gov-west-1\",\"awslogs-stream-prefix\":\"3.0-12\"}},\"memoryReservation\":128,\"mountPoints\":[{\"containerPath\":\"/etc/xray\",\"readOnly\":false,\"sourceVolume\":\"xray-daemon\"}],\"name\":\"aws-xray-daemon\",\"portMappings\":[{\"containerPort\":2000,\"hostPort\":2000,\"protocol\":\"udp\"}],\"volumesFrom\":[]}]",
            "cpu": "",
            "ephemeral_storage": [],
            "execution_role_arn": "",
            "family": "aws-xray-daemon",
            "id": "aws-xray-daemon",
            "inference_accelerator": [],
            "ipc_mode": "",
            "memory": "",
            "network_mode": "bridge",
            "pid_mode": "",
            "placement_constraints": [],
            "proxy_configuration": [],
            "requires_compatibilities": [],
            "revision": 1,
            "runtime_platform": [],
            "skip_destroy": null,
            "tags": {},
            "tags_all": {},
            "task_role_arn": "arn:aws-us-gov:iam::050779347855:role/xray-daemon-role",
            "volume": [
              {
                "docker_volume_configuration": [],
                "efs_volume_configuration": [],
                "fsx_windows_file_server_volume_configuration": [],
                "host_path": "/ecs/xray/daemon",
                "name": "xray-daemon"
              }
            ]
          },
          "sensitive_attributes": []
        }
      ]
    },
    {
      "mode": "managed",
      "type": "aws_ecs_task_definition",
      "name": "badge_service",
      "provider": "provider[\"registry.terraform.io/hashicorp/aws\"]",
      "instances": [
        {
          "schema_version": 1,
          "attributes": {
            "arn": "arn:aws-us-gov:ecs:us-gov-west-1:050779347855:task-definition/badge-service:10",
            "arn_without_revision": "arn:aws-us-gov:ecs:us-gov-west-1:050779347855:task-definition/badge-service",
            "container_definitions": "[{\"cpu\":0,\"environment\":[{\"name\":\"AWS_STS_REGIONAL_ENDPOINTS\",\"value\":\"regional\"},{\"name\":\"JAVA_TOOL_OPTIONS\",\"value\":\"-Xms256m -Xmx256m\"},{\"name\":\"SPRING_PROFILES_ACTIVE\",\"value\":\"production-gov\"}],\"essential\":true,\"image\":\"050779347855.dkr.ecr.us-gov-west-1.amazonaws.com/badge-service:1.0-24\",\"logConfiguration\":{\"logDriver\":\"awslogs\",\"options\":{\"awslogs-group\":\"badge-service\",\"awslogs-multiline-pattern\":\"^[0-9]{4}[^\\\\s]\",\"awslogs-region\":\"us-gov-west-1\",\"awslogs-stream-prefix\":\"1.0-24\"}},\"memoryReservation\":416,\"mountPoints\":[{\"containerPath\":\"/etc/xray\",\"readOnly\":true,\"sourceVolume\":\"xray-daemon\"}],\"name\":\"badge-service\",\"portMappings\":[{\"containerPort\":8293,\"hostPort\":8293,\"protocol\":\"tcp\"}],\"volumesFrom\":[]}]",
            "cpu": "",
            "ephemeral_storage": [],
            "execution_role_arn": "",
            "family": "badge-service",
            "id": "badge-service",
            "inference_accelerator": [],
            "ipc_mode": "",
            "memory": "",
            "network_mode": "bridge",
            "pid_mode": "",
            "placement_constraints": [],
            "proxy_configuration": [],
            "requires_compatibilities": [],
            "revision": 10,
            "runtime_platform": [],
            "skip_destroy": null,
            "tags": {
              "Version": "1.0-24"
            },
            "tags_all": {
              "Version": "1.0-24"
            },
            "task_role_arn": "arn:aws-us-gov:iam::050779347855:role/web-app-badge-service",
            "volume": [
              {
                "docker_volume_configuration": [],
                "efs_volume_configuration": [],
                "fsx_windows_file_server_volume_configuration": [],
                "host_path": "/ecs/xray/daemon",
                "name": "xray-daemon"
              }
            ]
          },
          "sensitive_attributes": []
        }
      ]
    },
    {
      "mode": "managed",
      "type": "aws_ecs_task_definition",
      "name": "book_tree_service",
      "provider": "provider[\"registry.terraform.io/hashicorp/aws\"]",
      "instances": [
        {
          "schema_version": 1,
          "attributes": {
            "arn": "arn:aws-us-gov:ecs:us-gov-west-1:050779347855:task-definition/book-tree-service:3",
            "arn_without_revision": "arn:aws-us-gov:ecs:us-gov-west-1:050779347855:task-definition/book-tree-service",
            "container_definitions": "[{\"cpu\":0,\"environment\":[{\"name\":\"AWS_STS_REGIONAL_ENDPOINTS\",\"value\":\"regional\"},{\"name\":\"JAVA_TOOL_OPTIONS\",\"value\":\"-Xms256m -Xmx384m\"},{\"name\":\"SPRING_PROFILES_ACTIVE\",\"value\":\"production-gov\"}],\"essential\":true,\"image\":\"050779347855.dkr.ecr.us-gov-west-1.amazonaws.com/book-tree-service:1.0-43\",\"logConfiguration\":{\"logDriver\":\"awslogs\",\"options\":{\"awslogs-group\":\"book-tree-service\",\"awslogs-multiline-pattern\":\"^[0-9]{4}[^\\\\s]\",\"awslogs-region\":\"us-gov-west-1\",\"awslogs-stream-prefix\":\"1.0-43\"}},\"memoryReservation\":544,\"mountPoints\":[{\"containerPath\":\"/etc/xray\",\"readOnly\":true,\"sourceVolume\":\"xray-daemon\"}],\"name\":\"book-tree-service\",\"portMappings\":[{\"containerPort\":8272,\"hostPort\":8272,\"protocol\":\"tcp\"}],\"volumesFrom\":[]}]",
            "cpu": "",
            "ephemeral_storage": [],
            "execution_role_arn": "",
            "family": "book-tree-service",
            "id": "book-tree-service",
            "inference_accelerator": [],
            "ipc_mode": "",
            "memory": "",
            "network_mode": "bridge",
            "pid_mode": "",
            "placement_constraints": [],
            "proxy_configuration": [],
            "requires_compatibilities": [],
            "revision": 3,
            "runtime_platform": [],
            "skip_destroy": null,
            "tags": {
              "Version": "1.0-43"
            },
            "tags_all": {
              "Version": "1.0-43"
            },
            "task_role_arn": "arn:aws-us-gov:iam::050779347855:role/web-app-book-tree-service",
            "volume": [
              {
                "docker_volume_configuration": [],
                "efs_volume_configuration": [],
                "fsx_windows_file_server_volume_configuration": [],
                "host_path": "/ecs/xray/daemon",
                "name": "xray-daemon"
              }
            ]
          },
          "sensitive_attributes": []
        }
      ]
    },
    {
      "mode": "managed",
      "type": "aws_ecs_task_definition",
      "name": "builder_publisher_task",
      "provider": "provider[\"registry.terraform.io/hashicorp/aws\"]",
      "instances": [
        {
          "schema_version": 1,
          "attributes": {
            "arn": "arn:aws-us-gov:ecs:us-gov-west-1:050779347855:task-definition/builder-publisher-task:4",
            "arn_without_revision": "arn:aws-us-gov:ecs:us-gov-west-1:050779347855:task-definition/builder-publisher-task",
            "container_definitions": "[{\"cpu\":0,\"environment\":[{\"name\":\"JAVA_TOOL_OPTIONS\",\"value\":\"-Xms256m -Xmx640m\"},{\"name\":\"SPRING_PROFILES_ACTIVE\",\"value\":\"production-gov\"}],\"essential\":true,\"image\":\"050779347855.dkr.ecr.us-gov-west-1.amazonaws.com/builder-publisher-task:1.0-75\",\"logConfiguration\":{\"logDriver\":\"awslogs\",\"options\":{\"awslogs-group\":\"builder-publisher-task\",\"awslogs-multiline-pattern\":\"^[0-9]{4}[^\\\\s]\",\"awslogs-region\":\"us-gov-west-1\",\"awslogs-stream-prefix\":\"1.0-75\"}},\"memoryReservation\":896,\"mountPoints\":[{\"containerPath\":\"/etc/xray\",\"readOnly\":true,\"sourceVolume\":\"xray-daemon\"}],\"name\":\"builder-publisher-task\",\"portMappings\":[{\"containerPort\":8252,\"hostPort\":8252,\"protocol\":\"tcp\"}],\"volumesFrom\":[]}]",
            "cpu": "",
            "ephemeral_storage": [],
            "execution_role_arn": "",
            "family": "builder-publisher-task",
            "id": "builder-publisher-task",
            "inference_accelerator": [],
            "ipc_mode": "",
            "memory": "",
            "network_mode": "bridge",
            "pid_mode": "",
            "placement_constraints": [],
            "proxy_configuration": [],
            "requires_compatibilities": [],
            "revision": 4,
            "runtime_platform": [],
            "skip_destroy": null,
            "tags": {
              "Version": "1.0-75"
            },
            "tags_all": {
              "Version": "1.0-75"
            },
            "task_role_arn": "arn:aws-us-gov:iam::050779347855:role/web-app-builder-publisher-task",
            "volume": [
              {
                "docker_volume_configuration": [],
                "efs_volume_configuration": [],
                "fsx_windows_file_server_volume_configuration": [],
                "host_path": "/ecs/xray/daemon",
                "name": "xray-daemon"
              }
            ]
          },
          "sensitive_attributes": []
        }
      ]
    },
    {
      "mode": "managed",
      "type": "aws_ecs_task_definition",
      "name": "builder_service",
      "provider": "provider[\"registry.terraform.io/hashicorp/aws\"]",
      "instances": [
        {
          "schema_version": 1,
          "attributes": {
            "arn": "arn:aws-us-gov:ecs:us-gov-west-1:050779347855:task-definition/builder-service:16",
            "arn_without_revision": "arn:aws-us-gov:ecs:us-gov-west-1:050779347855:task-definition/builder-service",
            "container_definitions": "[{\"cpu\":0,\"environment\":[{\"name\":\"AWS_STS_REGIONAL_ENDPOINTS\",\"value\":\"regional\"},{\"name\":\"JAVA_TOOL_OPTIONS\",\"value\":\"-Xms256m -Xmx640m\"},{\"name\":\"SPRING_PROFILES_ACTIVE\",\"value\":\"production-gov\"}],\"essential\":true,\"image\":\"050779347855.dkr.ecr.us-gov-west-1.amazonaws.com/builder-service:1.0-816\",\"logConfiguration\":{\"logDriver\":\"awslogs\",\"options\":{\"awslogs-group\":\"builder-service\",\"awslogs-multiline-pattern\":\"^[0-9]{4}[^\\\\s]\",\"awslogs-region\":\"us-gov-west-1\",\"awslogs-stream-prefix\":\"1.0-816\"}},\"memoryReservation\":896,\"mountPoints\":[{\"containerPath\":\"/etc/xray\",\"readOnly\":true,\"sourceVolume\":\"xray-daemon\"}],\"name\":\"builder-service\",\"portMappings\":[{\"containerPort\":8219,\"hostPort\":8219,\"protocol\":\"tcp\"}],\"volumesFrom\":[]}]",
            "cpu": "",
            "ephemeral_storage": [],
            "execution_role_arn": "",
            "family": "builder-service",
            "id": "builder-service",
            "inference_accelerator": [],
            "ipc_mode": "",
            "memory": "",
            "network_mode": "bridge",
            "pid_mode": "",
            "placement_constraints": [],
            "proxy_configuration": [],
            "requires_compatibilities": [],
            "revision": 16,
            "runtime_platform": [],
            "skip_destroy": null,
            "tags": {
              "Version": "1.0-816"
            },
            "tags_all": {
              "Version": "1.0-816"
            },
            "task_role_arn": "arn:aws-us-gov:iam::050779347855:role/web-app-builder-service",
            "volume": [
              {
                "docker_volume_configuration": [],
                "efs_volume_configuration": [],
                "fsx_windows_file_server_volume_configuration": [],
                "host_path": "/ecs/xray/daemon",
                "name": "xray-daemon"
              }
            ]
          },
          "sensitive_attributes": []
        }
      ]
    },
    {
      "mode": "managed",
      "type": "aws_ecs_task_definition",
      "name": "builder_sqs_task",
      "provider": "provider[\"registry.terraform.io/hashicorp/aws\"]",
      "instances": [
        {
          "schema_version": 1,
          "attributes": {
            "arn": "arn:aws-us-gov:ecs:us-gov-west-1:050779347855:task-definition/builder-sqs-task:3",
            "arn_without_revision": "arn:aws-us-gov:ecs:us-gov-west-1:050779347855:task-definition/builder-sqs-task",
            "container_definitions": "[{\"cpu\":0,\"environment\":[{\"name\":\"JAVA_TOOL_OPTIONS\",\"value\":\"-Xms256m -Xmx256m\"},{\"name\":\"SPRING_PROFILES_ACTIVE\",\"value\":\"production-gov\"}],\"essential\":true,\"image\":\"050779347855.dkr.ecr.us-gov-west-1.amazonaws.com/builder-sqs-task:1.0-33\",\"logConfiguration\":{\"logDriver\":\"awslogs\",\"options\":{\"awslogs-group\":\"builder-sqs-task\",\"awslogs-multiline-pattern\":\"^[0-9]{4}[^\\\\s]\",\"awslogs-region\":\"us-gov-west-1\",\"awslogs-stream-prefix\":\"1.0-33\"}},\"memoryReservation\":416,\"mountPoints\":[{\"containerPath\":\"/etc/xray\",\"readOnly\":true,\"sourceVolume\":\"xray-daemon\"}],\"name\":\"builder-sqs-task\",\"portMappings\":[{\"containerPort\":8280,\"hostPort\":8280,\"protocol\":\"tcp\"}],\"volumesFrom\":[]}]",
            "cpu": "",
            "ephemeral_storage": [],
            "execution_role_arn": "",
            "family": "builder-sqs-task",
            "id": "builder-sqs-task",
            "inference_accelerator": [],
            "ipc_mode": "",
            "memory": "",
            "network_mode": "bridge",
            "pid_mode": "",
            "placement_constraints": [],
            "proxy_configuration": [],
            "requires_compatibilities": [],
            "revision": 3,
            "runtime_platform": [],
            "skip_destroy": null,
            "tags": {
              "Version": "1.0-33"
            },
            "tags_all": {
              "Version": "1.0-33"
            },
            "task_role_arn": "arn:aws-us-gov:iam::050779347855:role/web-app-builder-sqs-task",
            "volume": [
              {
                "docker_volume_configuration": [],
                "efs_volume_configuration": [],
                "fsx_windows_file_server_volume_configuration": [],
                "host_path": "/ecs/xray/daemon",
                "name": "xray-daemon"
              }
            ]
          },
          "sensitive_attributes": []
        }
      ]
    },
    {
      "mode": "managed",
      "type": "aws_ecs_task_definition",
      "name": "chat_allogy_server",
      "provider": "provider[\"registry.terraform.io/hashicorp/aws\"]",
      "instances": [
        {
          "schema_version": 1,
          "attributes": {
            "arn": "arn:aws-us-gov:ecs:us-gov-west-1:050779347855:task-definition/chat-allogy-server:2",
            "arn_without_revision": "arn:aws-us-gov:ecs:us-gov-west-1:050779347855:task-definition/chat-allogy-server",
            "container_definitions": "[{\"cpu\":0,\"environment\":[{\"name\":\"JAVA_TOOL_OPTIONS\",\"value\":\"-Xms256m -Xmx256m\"},{\"name\":\"SPRING_PROFILES_ACTIVE\",\"value\":\"production-gov\"}],\"essential\":true,\"image\":\"050779347855.dkr.ecr.us-gov-west-1.amazonaws.com/chat-allogy-server:1.0-49\",\"logConfiguration\":{\"logDriver\":\"awslogs\",\"options\":{\"awslogs-group\":\"chat-allogy-server\",\"awslogs-multiline-pattern\":\"^[0-9]{4}[^\\\\s]\",\"awslogs-region\":\"us-gov-west-1\",\"awslogs-stream-prefix\":\"1.0-49\"}},\"memoryReservation\":416,\"mountPoints\":[{\"containerPath\":\"/etc/xray\",\"readOnly\":true,\"sourceVolume\":\"xray-daemon\"}],\"name\":\"chat-allogy-server\",\"portMappings\":[{\"containerPort\":8223,\"hostPort\":8223,\"protocol\":\"tcp\"}],\"volumesFrom\":[]}]",
            "cpu": "",
            "ephemeral_storage": [],
            "execution_role_arn": "",
            "family": "chat-allogy-server",
            "id": "chat-allogy-server",
            "inference_accelerator": [],
            "ipc_mode": "",
            "memory": "",
            "network_mode": "bridge",
            "pid_mode": "",
            "placement_constraints": [],
            "proxy_configuration": [],
            "requires_compatibilities": [],
            "revision": 2,
            "runtime_platform": [],
            "skip_destroy": null,
            "tags": {
              "Version": "1.0-49"
            },
            "tags_all": {
              "Version": "1.0-49"
            },
            "task_role_arn": "arn:aws-us-gov:iam::050779347855:role/web-app-chat-allogy-server",
            "volume": [
              {
                "docker_volume_configuration": [],
                "efs_volume_configuration": [],
                "fsx_windows_file_server_volume_configuration": [],
                "host_path": "/ecs/xray/daemon",
                "name": "xray-daemon"
              }
            ]
          },
          "sensitive_attributes": []
        }
      ]
    },
    {
      "mode": "managed",
      "type": "aws_ecs_task_definition",
      "name": "code_service",
      "provider": "provider[\"registry.terraform.io/hashicorp/aws\"]",
      "instances": [
        {
          "schema_version": 1,
          "attributes": {
            "arn": "arn:aws-us-gov:ecs:us-gov-west-1:050779347855:task-definition/code-service:4",
            "arn_without_revision": "arn:aws-us-gov:ecs:us-gov-west-1:050779347855:task-definition/code-service",
            "container_definitions": "[{\"cpu\":0,\"environment\":[{\"name\":\"JAVA_TOOL_OPTIONS\",\"value\":\"-Xms256m -Xmx256m\"},{\"name\":\"SPRING_PROFILES_ACTIVE\",\"value\":\"production-gov\"}],\"essential\":true,\"image\":\"050779347855.dkr.ecr.us-gov-west-1.amazonaws.com/code-service:1.0-89\",\"logConfiguration\":{\"logDriver\":\"awslogs\",\"options\":{\"awslogs-group\":\"code-service\",\"awslogs-multiline-pattern\":\"^[0-9]{4}[^\\\\s]\",\"awslogs-region\":\"us-gov-west-1\",\"awslogs-stream-prefix\":\"1.0-89\"}},\"memoryReservation\":416,\"mountPoints\":[{\"containerPath\":\"/etc/xray\",\"readOnly\":true,\"sourceVolume\":\"xray-daemon\"}],\"name\":\"code-service\",\"portMappings\":[{\"containerPort\":8257,\"hostPort\":8257,\"protocol\":\"tcp\"}],\"volumesFrom\":[]}]",
            "cpu": "",
            "ephemeral_storage": [],
            "execution_role_arn": "",
            "family": "code-service",
            "id": "code-service",
            "inference_accelerator": [],
            "ipc_mode": "",
            "memory": "",
            "network_mode": "bridge",
            "pid_mode": "",
            "placement_constraints": [],
            "proxy_configuration": [],
            "requires_compatibilities": [],
            "revision": 4,
            "runtime_platform": [],
            "skip_destroy": null,
            "tags": {
              "Version": "1.0-89"
            },
            "tags_all": {
              "Version": "1.0-89"
            },
            "task_role_arn": "arn:aws-us-gov:iam::050779347855:role/web-app-code-service",
            "volume": [
              {
                "docker_volume_configuration": [],
                "efs_volume_configuration": [],
                "fsx_windows_file_server_volume_configuration": [],
                "host_path": "/ecs/xray/daemon",
                "name": "xray-daemon"
              }
            ]
          },
          "sensitive_attributes": []
        }
      ]
    },
    {
      "mode": "managed",
      "type": "aws_ecs_task_definition",
      "name": "collections_space_service",
      "provider": "provider[\"registry.terraform.io/hashicorp/aws\"]",
      "instances": [
        {
          "schema_version": 1,
          "attributes": {
            "arn": "arn:aws-us-gov:ecs:us-gov-west-1:050779347855:task-definition/collections-space-service:3",
            "arn_without_revision": "arn:aws-us-gov:ecs:us-gov-west-1:050779347855:task-definition/collections-space-service",
            "container_definitions": "[{\"cpu\":0,\"environment\":[{\"name\":\"JAVA_TOOL_OPTIONS\",\"value\":\"-Xms256m -Xmx256m\"},{\"name\":\"SPRING_PROFILES_ACTIVE\",\"value\":\"production-gov\"}],\"essential\":true,\"image\":\"050779347855.dkr.ecr.us-gov-west-1.amazonaws.com/collections-space-service:1.0-43\",\"logConfiguration\":{\"logDriver\":\"awslogs\",\"options\":{\"awslogs-group\":\"collections-space-service\",\"awslogs-multiline-pattern\":\"^[0-9]{4}[^\\\\s]\",\"awslogs-region\":\"us-gov-west-1\",\"awslogs-stream-prefix\":\"1.0-43\"}},\"memoryReservation\":416,\"mountPoints\":[{\"containerPath\":\"/etc/xray\",\"readOnly\":true,\"sourceVolume\":\"xray-daemon\"}],\"name\":\"collections-space-service\",\"portMappings\":[{\"containerPort\":8255,\"hostPort\":8255,\"protocol\":\"tcp\"}],\"volumesFrom\":[]}]",
            "cpu": "",
            "ephemeral_storage": [],
            "execution_role_arn": "",
            "family": "collections-space-service",
            "id": "collections-space-service",
            "inference_accelerator": [],
            "ipc_mode": "",
            "memory": "",
            "network_mode": "bridge",
            "pid_mode": "",
            "placement_constraints": [],
            "proxy_configuration": [],
            "requires_compatibilities": [],
            "revision": 3,
            "runtime_platform": [],
            "skip_destroy": null,
            "tags": {
              "Version": "1.0-43"
            },
            "tags_all": {
              "Version": "1.0-43"
            },
            "task_role_arn": "arn:aws-us-gov:iam::050779347855:role/web-app-collections-space-service",
            "volume": [
              {
                "docker_volume_configuration": [],
                "efs_volume_configuration": [],
                "fsx_windows_file_server_volume_configuration": [],
                "host_path": "/ecs/xray/daemon",
                "name": "xray-daemon"
              }
            ]
          },
          "sensitive_attributes": []
        }
      ]
    },
    {
      "mode": "managed",
      "type": "aws_ecs_task_definition",
      "name": "content_download_analytics_service",
      "provider": "provider[\"registry.terraform.io/hashicorp/aws\"]",
      "instances": [
        {
          "schema_version": 1,
          "attributes": {
            "arn": "arn:aws-us-gov:ecs:us-gov-west-1:050779347855:task-definition/content-download-analytics-service:4",
            "arn_without_revision": "arn:aws-us-gov:ecs:us-gov-west-1:050779347855:task-definition/content-download-analytics-service",
            "container_definitions": "[{\"cpu\":0,\"environment\":[{\"name\":\"AWS_STS_REGIONAL_ENDPOINTS\",\"value\":\"regional\"},{\"name\":\"JAVA_TOOL_OPTIONS\",\"value\":\"-Xms256m -Xmx256m\"},{\"name\":\"SPRING_PROFILES_ACTIVE\",\"value\":\"production-gov\"}],\"essential\":true,\"image\":\"050779347855.dkr.ecr.us-gov-west-1.amazonaws.com/content-download-analytics-service:1.0-testing-2\",\"logConfiguration\":{\"logDriver\":\"awslogs\",\"options\":{\"awslogs-group\":\"content-download-analytics-service\",\"awslogs-multiline-pattern\":\"^[0-9]{4}[^\\\\s]\",\"awslogs-region\":\"us-gov-west-1\",\"awslogs-stream-prefix\":\"1.0-testing-2\"}},\"memoryReservation\":416,\"mountPoints\":[{\"containerPath\":\"/etc/xray\",\"readOnly\":true,\"sourceVolume\":\"xray-daemon\"}],\"name\":\"content-download-analytics-service\",\"portMappings\":[{\"containerPort\":8227,\"hostPort\":8227,\"protocol\":\"tcp\"}],\"volumesFrom\":[]}]",
            "cpu": "",
            "ephemeral_storage": [],
            "execution_role_arn": "",
            "family": "content-download-analytics-service",
            "id": "content-download-analytics-service",
            "inference_accelerator": [],
            "ipc_mode": "",
            "memory": "",
            "network_mode": "bridge",
            "pid_mode": "",
            "placement_constraints": [],
            "proxy_configuration": [],
            "requires_compatibilities": [],
            "revision": 4,
            "runtime_platform": [],
            "skip_destroy": null,
            "tags": {
              "Version": "1.0-testing-2"
            },
            "tags_all": {
              "Version": "1.0-testing-2"
            },
            "task_role_arn": "arn:aws-us-gov:iam::050779347855:role/web-app-content-download-analytics-service",
            "volume": [
              {
                "docker_volume_configuration": [],
                "efs_volume_configuration": [],
                "fsx_windows_file_server_volume_configuration": [],
                "host_path": "/ecs/xray/daemon",
                "name": "xray-daemon"
              }
            ]
          },
          "sensitive_attributes": []
        }
      ]
    },
    {
      "mode": "managed",
      "type": "aws_ecs_task_definition",
      "name": "course_certificate_pdf_service",
      "provider": "provider[\"registry.terraform.io/hashicorp/aws\"]",
      "instances": [
        {
          "schema_version": 1,
          "attributes": {
            "arn": "arn:aws-us-gov:ecs:us-gov-west-1:050779347855:task-definition/course-certificate-pdf-service:7",
            "arn_without_revision": "arn:aws-us-gov:ecs:us-gov-west-1:050779347855:task-definition/course-certificate-pdf-service",
            "container_definitions": "[{\"cpu\":0,\"environment\":[{\"name\":\"JAVA_TOOL_OPTIONS\",\"value\":\"-Xms256m -Xmx256m\"},{\"name\":\"SPRING_PROFILES_ACTIVE\",\"value\":\"production-gov\"}],\"essential\":true,\"image\":\"050779347855.dkr.ecr.us-gov-west-1.amazonaws.com/course-certificate-pdf-service:1.0-67\",\"logConfiguration\":{\"logDriver\":\"awslogs\",\"options\":{\"awslogs-group\":\"course-certificate-pdf-service\",\"awslogs-multiline-pattern\":\"^[0-9]{4}[^\\\\s]\",\"awslogs-region\":\"us-gov-west-1\",\"awslogs-stream-prefix\":\"1.0-67\"}},\"memoryReservation\":416,\"mountPoints\":[{\"containerPath\":\"/etc/xray\",\"readOnly\":true,\"sourceVolume\":\"xray-daemon\"}],\"name\":\"course-certificate-pdf-service\",\"portMappings\":[{\"containerPort\":8283,\"hostPort\":8283,\"protocol\":\"tcp\"}],\"volumesFrom\":[]}]",
            "cpu": "",
            "ephemeral_storage": [],
            "execution_role_arn": "",
            "family": "course-certificate-pdf-service",
            "id": "course-certificate-pdf-service",
            "inference_accelerator": [],
            "ipc_mode": "",
            "memory": "",
            "network_mode": "bridge",
            "pid_mode": "",
            "placement_constraints": [],
            "proxy_configuration": [],
            "requires_compatibilities": [],
            "revision": 7,
            "runtime_platform": [],
            "skip_destroy": null,
            "tags": {
              "Version": "1.0-67"
            },
            "tags_all": {
              "Version": "1.0-67"
            },
            "task_role_arn": "arn:aws-us-gov:iam::050779347855:role/web-app-course-certificate-pdf-service",
            "volume": [
              {
                "docker_volume_configuration": [],
                "efs_volume_configuration": [],
                "fsx_windows_file_server_volume_configuration": [],
                "host_path": "/ecs/xray/daemon",
                "name": "xray-daemon"
              }
            ]
          },
          "sensitive_attributes": []
        }
      ]
    },
    {
      "mode": "managed",
      "type": "aws_ecs_task_definition",
      "name": "course_content_progress_service",
      "provider": "provider[\"registry.terraform.io/hashicorp/aws\"]",
      "instances": [
        {
          "schema_version": 1,
          "attributes": {
            "arn": "arn:aws-us-gov:ecs:us-gov-west-1:050779347855:task-definition/course-content-progress-service:4",
            "arn_without_revision": "arn:aws-us-gov:ecs:us-gov-west-1:050779347855:task-definition/course-content-progress-service",
            "container_definitions": "[{\"cpu\":0,\"environment\":[{\"name\":\"AWS_STS_REGIONAL_ENDPOINTS\",\"value\":\"regional\"},{\"name\":\"JAVA_TOOL_OPTIONS\",\"value\":\"-Xms256m -Xmx256m\"},{\"name\":\"SPRING_PROFILES_ACTIVE\",\"value\":\"production-gov\"}],\"essential\":true,\"image\":\"050779347855.dkr.ecr.us-gov-west-1.amazonaws.com/course-content-progress-service:1.0-169\",\"logConfiguration\":{\"logDriver\":\"awslogs\",\"options\":{\"awslogs-group\":\"course-content-progress-service\",\"awslogs-multiline-pattern\":\"^[0-9]{4}[^\\\\s]\",\"awslogs-region\":\"us-gov-west-1\",\"awslogs-stream-prefix\":\"1.0-169\"}},\"memoryReservation\":416,\"mountPoints\":[{\"containerPath\":\"/etc/xray\",\"readOnly\":true,\"sourceVolume\":\"xray-daemon\"}],\"name\":\"course-content-progress-service\",\"portMappings\":[{\"containerPort\":8277,\"hostPort\":8277,\"protocol\":\"tcp\"}],\"volumesFrom\":[]}]",
            "cpu": "",
            "ephemeral_storage": [],
            "execution_role_arn": "",
            "family": "course-content-progress-service",
            "id": "course-content-progress-service",
            "inference_accelerator": [],
            "ipc_mode": "",
            "memory": "",
            "network_mode": "bridge",
            "pid_mode": "",
            "placement_constraints": [],
            "proxy_configuration": [],
            "requires_compatibilities": [],
            "revision": 4,
            "runtime_platform": [],
            "skip_destroy": null,
            "tags": {
              "Version": "1.0-169"
            },
            "tags_all": {
              "Version": "1.0-169"
            },
            "task_role_arn": "arn:aws-us-gov:iam::050779347855:role/web-app-course-content-progress-service",
            "volume": [
              {
                "docker_volume_configuration": [],
                "efs_volume_configuration": [],
                "fsx_windows_file_server_volume_configuration": [],
                "host_path": "/ecs/xray/daemon",
                "name": "xray-daemon"
              }
            ]
          },
          "sensitive_attributes": []
        }
      ]
    },
    {
      "mode": "managed",
      "type": "aws_ecs_task_definition",
      "name": "course_instance_service",
      "provider": "provider[\"registry.terraform.io/hashicorp/aws\"]",
      "instances": [
        {
          "schema_version": 1,
          "attributes": {
            "arn": "arn:aws-us-gov:ecs:us-gov-west-1:050779347855:task-definition/course-instance-service:17",
            "arn_without_revision": "arn:aws-us-gov:ecs:us-gov-west-1:050779347855:task-definition/course-instance-service",
            "container_definitions": "[{\"cpu\":0,\"environment\":[{\"name\":\"AWS_STS_REGIONAL_ENDPOINTS\",\"value\":\"regional\"},{\"name\":\"JAVA_TOOL_OPTIONS\",\"value\":\"-Xms256m -Xmx640m\"},{\"name\":\"SPRING_PROFILES_ACTIVE\",\"value\":\"production-gov\"}],\"essential\":true,\"image\":\"050779347855.dkr.ecr.us-gov-west-1.amazonaws.com/course-instance-service:1.0-361\",\"logConfiguration\":{\"logDriver\":\"awslogs\",\"options\":{\"awslogs-group\":\"course-instance-service\",\"awslogs-multiline-pattern\":\"^[0-9]{4}[^\\\\s]\",\"awslogs-region\":\"us-gov-west-1\",\"awslogs-stream-prefix\":\"1.0-361\"}},\"memoryReservation\":896,\"mountPoints\":[{\"containerPath\":\"/etc/xray\",\"readOnly\":true,\"sourceVolume\":\"xray-daemon\"}],\"name\":\"course-instance-service\",\"portMappings\":[{\"containerPort\":8265,\"hostPort\":8265,\"protocol\":\"tcp\"}],\"volumesFrom\":[]}]",
            "cpu": "",
            "ephemeral_storage": [],
            "execution_role_arn": "",
            "family": "course-instance-service",
            "id": "course-instance-service",
            "inference_accelerator": [],
            "ipc_mode": "",
            "memory": "",
            "network_mode": "bridge",
            "pid_mode": "",
            "placement_constraints": [],
            "proxy_configuration": [],
            "requires_compatibilities": [],
            "revision": 17,
            "runtime_platform": [],
            "skip_destroy": null,
            "tags": {
              "Version": "1.0-361"
            },
            "tags_all": {
              "Version": "1.0-361"
            },
            "task_role_arn": "arn:aws-us-gov:iam::050779347855:role/web-app-course-instance-service",
            "volume": [
              {
                "docker_volume_configuration": [],
                "efs_volume_configuration": [],
                "fsx_windows_file_server_volume_configuration": [],
                "host_path": "/ecs/xray/daemon",
                "name": "xray-daemon"
              }
            ]
          },
          "sensitive_attributes": []
        }
      ]
    },
    {
      "mode": "managed",
      "type": "aws_ecs_task_definition",
      "name": "creator_graphql_api",
      "provider": "provider[\"registry.terraform.io/hashicorp/aws\"]",
      "instances": [
        {
          "schema_version": 1,
          "attributes": {
            "arn": "arn:aws-us-gov:ecs:us-gov-west-1:050779347855:task-definition/creator-graphql-api:5",
            "arn_without_revision": "arn:aws-us-gov:ecs:us-gov-west-1:050779347855:task-definition/creator-graphql-api",
            "container_definitions": "[{\"cpu\":0,\"environment\":[{\"name\":\"JAVA_TOOL_OPTIONS\",\"value\":\"-Xms256m -Xmx256m\"},{\"name\":\"SPRING_PROFILES_ACTIVE\",\"value\":\"production-gov\"}],\"essential\":true,\"image\":\"050779347855.dkr.ecr.us-gov-west-1.amazonaws.com/creator-graphql-api:1.0-testing-2\",\"logConfiguration\":{\"logDriver\":\"awslogs\",\"options\":{\"awslogs-group\":\"creator-graphql-api\",\"awslogs-multiline-pattern\":\"^[0-9]{4}[^\\\\s]\",\"awslogs-region\":\"us-gov-west-1\",\"awslogs-stream-prefix\":\"1.0-testing-2\"}},\"memoryReservation\":416,\"mountPoints\":[{\"containerPath\":\"/etc/xray\",\"readOnly\":true,\"sourceVolume\":\"xray-daemon\"}],\"name\":\"creator-graphql-api\",\"portMappings\":[{\"containerPort\":8290,\"hostPort\":8290,\"protocol\":\"tcp\"}],\"volumesFrom\":[]}]",
            "cpu": "",
            "ephemeral_storage": [],
            "execution_role_arn": "",
            "family": "creator-graphql-api",
            "id": "creator-graphql-api",
            "inference_accelerator": [],
            "ipc_mode": "",
            "memory": "",
            "network_mode": "bridge",
            "pid_mode": "",
            "placement_constraints": [],
            "proxy_configuration": [],
            "requires_compatibilities": [],
            "revision": 5,
            "runtime_platform": [],
            "skip_destroy": null,
            "tags": {
              "Version": "1.0-testing-2"
            },
            "tags_all": {
              "Version": "1.0-testing-2"
            },
            "task_role_arn": "arn:aws-us-gov:iam::050779347855:role/web-app-creator-graphql-api",
            "volume": [
              {
                "docker_volume_configuration": [],
                "efs_volume_configuration": [],
                "fsx_windows_file_server_volume_configuration": [],
                "host_path": "/ecs/xray/daemon",
                "name": "xray-daemon"
              }
            ]
          },
          "sensitive_attributes": []
        }
      ]
    },
    {
      "mode": "managed",
      "type": "aws_ecs_task_definition",
      "name": "creator_settings_service",
      "provider": "provider[\"registry.terraform.io/hashicorp/aws\"]",
      "instances": [
        {
          "schema_version": 1,
          "attributes": {
            "arn": "arn:aws-us-gov:ecs:us-gov-west-1:050779347855:task-definition/creator-settings-service:9",
            "arn_without_revision": "arn:aws-us-gov:ecs:us-gov-west-1:050779347855:task-definition/creator-settings-service",
            "container_definitions": "[{\"cpu\":0,\"environment\":[{\"name\":\"JAVA_TOOL_OPTIONS\",\"value\":\"-Xms256m -Xmx256m\"},{\"name\":\"SPRING_PROFILES_ACTIVE\",\"value\":\"production-gov\"}],\"essential\":true,\"image\":\"050779347855.dkr.ecr.us-gov-west-1.amazonaws.com/creator-settings-service:1.0-27\",\"logConfiguration\":{\"logDriver\":\"awslogs\",\"options\":{\"awslogs-group\":\"creator-settings-service\",\"awslogs-multiline-pattern\":\"^[0-9]{4}[^\\\\s]\",\"awslogs-region\":\"us-gov-west-1\",\"awslogs-stream-prefix\":\"1.0-27\"}},\"memoryReservation\":416,\"mountPoints\":[{\"containerPath\":\"/etc/xray\",\"readOnly\":true,\"sourceVolume\":\"xray-daemon\"}],\"name\":\"creator-settings-service\",\"portMappings\":[{\"containerPort\":8258,\"hostPort\":8258,\"protocol\":\"tcp\"}],\"volumesFrom\":[]}]",
            "cpu": "",
            "ephemeral_storage": [],
            "execution_role_arn": "",
            "family": "creator-settings-service",
            "id": "creator-settings-service",
            "inference_accelerator": [],
            "ipc_mode": "",
            "memory": "",
            "network_mode": "bridge",
            "pid_mode": "",
            "placement_constraints": [],
            "proxy_configuration": [],
            "requires_compatibilities": [],
            "revision": 9,
            "runtime_platform": [],
            "skip_destroy": null,
            "tags": {
              "Version": "1.0-27"
            },
            "tags_all": {
              "Version": "1.0-27"
            },
            "task_role_arn": "arn:aws-us-gov:iam::050779347855:role/web-app-creator-settings-service",
            "volume": [
              {
                "docker_volume_configuration": [],
                "efs_volume_configuration": [],
                "fsx_windows_file_server_volume_configuration": [],
                "host_path": "/ecs/xray/daemon",
                "name": "xray-daemon"
              }
            ]
          },
          "sensitive_attributes": []
        }
      ]
    },
    {
      "mode": "managed",
      "type": "aws_ecs_task_definition",
      "name": "creator_user_settings_service",
      "provider": "provider[\"registry.terraform.io/hashicorp/aws\"]",
      "instances": [
        {
          "schema_version": 1,
          "attributes": {
            "arn": "arn:aws-us-gov:ecs:us-gov-west-1:050779347855:task-definition/creator-user-settings-service:5",
            "arn_without_revision": "arn:aws-us-gov:ecs:us-gov-west-1:050779347855:task-definition/creator-user-settings-service",
            "container_definitions": "[{\"cpu\":0,\"environment\":[{\"name\":\"AWS_STS_REGIONAL_ENDPOINTS\",\"value\":\"regional\"},{\"name\":\"JAVA_TOOL_OPTIONS\",\"value\":\"-Xms256m -Xmx256m\"},{\"name\":\"SPRING_PROFILES_ACTIVE\",\"value\":\"production-gov\"}],\"essential\":true,\"image\":\"050779347855.dkr.ecr.us-gov-west-1.amazonaws.com/creator-user-settings-service:1.0-39\",\"logConfiguration\":{\"logDriver\":\"awslogs\",\"options\":{\"awslogs-group\":\"creator-user-settings-service\",\"awslogs-multiline-pattern\":\"^[0-9]{4}[^\\\\s]\",\"awslogs-region\":\"us-gov-west-1\",\"awslogs-stream-prefix\":\"1.0-39\"}},\"memoryReservation\":416,\"mountPoints\":[{\"containerPath\":\"/etc/xray\",\"readOnly\":true,\"sourceVolume\":\"xray-daemon\"}],\"name\":\"creator-user-settings-service\",\"portMappings\":[{\"containerPort\":8286,\"hostPort\":8286,\"protocol\":\"tcp\"}],\"volumesFrom\":[]}]",
            "cpu": "",
            "ephemeral_storage": [],
            "execution_role_arn": "",
            "family": "creator-user-settings-service",
            "id": "creator-user-settings-service",
            "inference_accelerator": [],
            "ipc_mode": "",
            "memory": "",
            "network_mode": "bridge",
            "pid_mode": "",
            "placement_constraints": [],
            "proxy_configuration": [],
            "requires_compatibilities": [],
            "revision": 5,
            "runtime_platform": [],
            "skip_destroy": null,
            "tags": {
              "Version": "1.0-39"
            },
            "tags_all": {
              "Version": "1.0-39"
            },
            "task_role_arn": "arn:aws-us-gov:iam::050779347855:role/web-app-creator-user-settings-service",
            "volume": [
              {
                "docker_volume_configuration": [],
                "efs_volume_configuration": [],
                "fsx_windows_file_server_volume_configuration": [],
                "host_path": "/ecs/xray/daemon",
                "name": "xray-daemon"
              }
            ]
          },
          "sensitive_attributes": []
        }
      ]
    },
    {
      "mode": "managed",
      "type": "aws_ecs_task_definition",
      "name": "dbt_form_processor",
      "provider": "provider[\"registry.terraform.io/hashicorp/aws\"]",
      "instances": [
        {
          "schema_version": 1,
          "attributes": {
            "arn": "arn:aws-us-gov:ecs:us-gov-west-1:050779347855:task-definition/dbt-form-processor:3",
            "arn_without_revision": "arn:aws-us-gov:ecs:us-gov-west-1:050779347855:task-definition/dbt-form-processor",
            "container_definitions": "[{\"cpu\":0,\"environment\":[{\"name\":\"JAVA_TOOL_OPTIONS\",\"value\":\"-Xms256m -Xmx256m\"},{\"name\":\"SPRING_PROFILES_ACTIVE\",\"value\":\"production-gov\"}],\"essential\":true,\"image\":\"050779347855.dkr.ecr.us-gov-west-1.amazonaws.com/dbt-form-processor:1.0-71\",\"logConfiguration\":{\"logDriver\":\"awslogs\",\"options\":{\"awslogs-group\":\"dbt-form-processor\",\"awslogs-multiline-pattern\":\"^[0-9]{4}[^\\\\s]\",\"awslogs-region\":\"us-gov-west-1\",\"awslogs-stream-prefix\":\"1.0-71\"}},\"memoryReservation\":416,\"mountPoints\":[{\"containerPath\":\"/etc/xray\",\"readOnly\":true,\"sourceVolume\":\"xray-daemon\"}],\"name\":\"dbt-form-processor\",\"portMappings\":[{\"containerPort\":8248,\"hostPort\":8248,\"protocol\":\"tcp\"}],\"volumesFrom\":[]}]",
            "cpu": "",
            "ephemeral_storage": [],
            "execution_role_arn": "",
            "family": "dbt-form-processor",
            "id": "dbt-form-processor",
            "inference_accelerator": [],
            "ipc_mode": "",
            "memory": "",
            "network_mode": "bridge",
            "pid_mode": "",
            "placement_constraints": [],
            "proxy_configuration": [],
            "requires_compatibilities": [],
            "revision": 3,
            "runtime_platform": [],
            "skip_destroy": null,
            "tags": {
              "Version": "1.0-71"
            },
            "tags_all": {
              "Version": "1.0-71"
            },
            "task_role_arn": "arn:aws-us-gov:iam::050779347855:role/web-app-dbt-form-processor",
            "volume": [
              {
                "docker_volume_configuration": [],
                "efs_volume_configuration": [],
                "fsx_windows_file_server_volume_configuration": [],
                "host_path": "/ecs/xray/daemon",
                "name": "xray-daemon"
              }
            ]
          },
          "sensitive_attributes": []
        }
      ]
    },
    {
      "mode": "managed",
      "type": "aws_ecs_task_definition",
      "name": "domain_model_service",
      "provider": "provider[\"registry.terraform.io/hashicorp/aws\"]",
      "instances": [
        {
          "schema_version": 1,
          "attributes": {
            "arn": "arn:aws-us-gov:ecs:us-gov-west-1:050779347855:task-definition/domain-model-service:2",
            "arn_without_revision": "arn:aws-us-gov:ecs:us-gov-west-1:050779347855:task-definition/domain-model-service",
            "container_definitions": "[{\"cpu\":0,\"environment\":[{\"name\":\"JAVA_TOOL_OPTIONS\",\"value\":\"-Xms256m -Xmx256m\"},{\"name\":\"SPRING_PROFILES_ACTIVE\",\"value\":\"production-gov\"}],\"essential\":true,\"image\":\"050779347855.dkr.ecr.us-gov-west-1.amazonaws.com/domain-model-service:1.0-44\",\"logConfiguration\":{\"logDriver\":\"awslogs\",\"options\":{\"awslogs-group\":\"domain-model-service\",\"awslogs-multiline-pattern\":\"^[0-9]{4}[^\\\\s]\",\"awslogs-region\":\"us-gov-west-1\",\"awslogs-stream-prefix\":\"1.0-44\"}},\"memoryReservation\":416,\"mountPoints\":[{\"containerPath\":\"/etc/xray\",\"readOnly\":true,\"sourceVolume\":\"xray-daemon\"}],\"name\":\"domain-model-service\",\"portMappings\":[{\"containerPort\":8259,\"hostPort\":8259,\"protocol\":\"tcp\"}],\"volumesFrom\":[]}]",
            "cpu": "",
            "ephemeral_storage": [],
            "execution_role_arn": "",
            "family": "domain-model-service",
            "id": "domain-model-service",
            "inference_accelerator": [],
            "ipc_mode": "",
            "memory": "",
            "network_mode": "bridge",
            "pid_mode": "",
            "placement_constraints": [],
            "proxy_configuration": [],
            "requires_compatibilities": [],
            "revision": 2,
            "runtime_platform": [],
            "skip_destroy": null,
            "tags": {
              "Version": "1.0-44"
            },
            "tags_all": {
              "Version": "1.0-44"
            },
            "task_role_arn": "arn:aws-us-gov:iam::050779347855:role/web-app-domain-model-service",
            "volume": [
              {
                "docker_volume_configuration": [],
                "efs_volume_configuration": [],
                "fsx_windows_file_server_volume_configuration": [],
                "host_path": "/ecs/xray/daemon",
                "name": "xray-daemon"
              }
            ]
          },
          "sensitive_attributes": []
        }
      ]
    },
    {
      "mode": "managed",
      "type": "aws_ecs_task_definition",
      "name": "eureka_discovery_service",
      "provider": "provider[\"registry.terraform.io/hashicorp/aws\"]",
      "instances": [
        {
          "schema_version": 1,
          "attributes": {
            "arn": "arn:aws-us-gov:ecs:us-gov-west-1:050779347855:task-definition/eureka-discovery-service:4",
            "arn_without_revision": "arn:aws-us-gov:ecs:us-gov-west-1:050779347855:task-definition/eureka-discovery-service",
            "container_definitions": "[{\"cpu\":0,\"environment\":[{\"name\":\"JAVA_TOOL_OPTIONS\",\"value\":\"-Xms256m -Xmx256m\"},{\"name\":\"SPRING_PROFILES_ACTIVE\",\"value\":\"production-gov\"}],\"essential\":true,\"image\":\"050779347855.dkr.ecr.us-gov-west-1.amazonaws.com/eureka-discovery-service:1.0-82\",\"logConfiguration\":{\"logDriver\":\"awslogs\",\"options\":{\"awslogs-group\":\"eureka-discovery-service\",\"awslogs-multiline-pattern\":\"^[0-9]{4}[^\\\\s]\",\"awslogs-region\":\"us-gov-west-1\",\"awslogs-stream-prefix\":\"1.0-82\"}},\"memoryReservation\":480,\"mountPoints\":[{\"containerPath\":\"/etc/xray\",\"readOnly\":true,\"sourceVolume\":\"xray-daemon\"}],\"name\":\"eureka-discovery-service\",\"portMappings\":[{\"containerPort\":8761,\"hostPort\":8761,\"protocol\":\"tcp\"}],\"volumesFrom\":[]}]",
            "cpu": "",
            "ephemeral_storage": [],
            "execution_role_arn": "",
            "family": "eureka-discovery-service",
            "id": "eureka-discovery-service",
            "inference_accelerator": [],
            "ipc_mode": "",
            "memory": "",
            "network_mode": "bridge",
            "pid_mode": "",
            "placement_constraints": [
              {
                "expression": "attribute:scaling == exactlyOnePerAZ",
                "type": "memberOf"
              }
            ],
            "proxy_configuration": [],
            "requires_compatibilities": [],
            "revision": 4,
            "runtime_platform": [],
            "skip_destroy": null,
            "tags": {
              "Version": "1.0-82"
            },
            "tags_all": {
              "Version": "1.0-82"
            },
            "task_role_arn": "arn:aws-us-gov:iam::050779347855:role/infrastructure-eureka-discovery-service",
            "volume": [
              {
                "docker_volume_configuration": [],
                "efs_volume_configuration": [],
                "fsx_windows_file_server_volume_configuration": [],
                "host_path": "/ecs/xray/daemon",
                "name": "xray-daemon"
              }
            ]
          },
          "sensitive_attributes": []
        }
      ]
    },
    {
      "mode": "managed",
      "type": "aws_ecs_task_definition",
      "name": "event_tracking_service",
      "provider": "provider[\"registry.terraform.io/hashicorp/aws\"]",
      "instances": [
        {
          "schema_version": 1,
          "attributes": {
            "arn": "arn:aws-us-gov:ecs:us-gov-west-1:050779347855:task-definition/event-tracking-service:2",
            "arn_without_revision": "arn:aws-us-gov:ecs:us-gov-west-1:050779347855:task-definition/event-tracking-service",
            "container_definitions": "[{\"cpu\":0,\"environment\":[{\"name\":\"AWS_STS_REGIONAL_ENDPOINTS\",\"value\":\"regional\"},{\"name\":\"JAVA_TOOL_OPTIONS\",\"value\":\"-Xms256m -Xmx256m\"},{\"name\":\"SPRING_PROFILES_ACTIVE\",\"value\":\"production-gov\"}],\"essential\":true,\"image\":\"050779347855.dkr.ecr.us-gov-west-1.amazonaws.com/event-tracking-service:1.0-7\",\"logConfiguration\":{\"logDriver\":\"awslogs\",\"options\":{\"awslogs-group\":\"event-tracking-service\",\"awslogs-multiline-pattern\":\"^[0-9]{4}[^\\\\s]\",\"awslogs-region\":\"us-gov-west-1\",\"awslogs-stream-prefix\":\"1.0-7\"}},\"memoryReservation\":416,\"mountPoints\":[{\"containerPath\":\"/etc/xray\",\"readOnly\":true,\"sourceVolume\":\"xray-daemon\"}],\"name\":\"event-tracking-service\",\"portMappings\":[{\"containerPort\":8296,\"hostPort\":8296,\"protocol\":\"tcp\"}],\"volumesFrom\":[]}]",
            "cpu": "",
            "ephemeral_storage": [],
            "execution_role_arn": "",
            "family": "event-tracking-service",
            "id": "event-tracking-service",
            "inference_accelerator": [],
            "ipc_mode": "",
            "memory": "",
            "network_mode": "bridge",
            "pid_mode": "",
            "placement_constraints": [],
            "proxy_configuration": [],
            "requires_compatibilities": [],
            "revision": 2,
            "runtime_platform": [],
            "skip_destroy": null,
            "tags": {
              "Version": "1.0-7"
            },
            "tags_all": {
              "Version": "1.0-7"
            },
            "task_role_arn": "arn:aws-us-gov:iam::050779347855:role/web-app-event-tracking-service",
            "volume": [
              {
                "docker_volume_configuration": [],
                "efs_volume_configuration": [],
                "fsx_windows_file_server_volume_configuration": [],
                "host_path": "/ecs/xray/daemon",
                "name": "xray-daemon"
              }
            ]
          },
          "sensitive_attributes": []
        }
      ]
    },
    {
      "mode": "managed",
      "type": "aws_ecs_task_definition",
      "name": "external_app_service",
      "provider": "provider[\"registry.terraform.io/hashicorp/aws\"]",
      "instances": [
        {
          "schema_version": 1,
          "attributes": {
            "arn": "arn:aws-us-gov:ecs:us-gov-west-1:050779347855:task-definition/external-app-service:4",
            "arn_without_revision": "arn:aws-us-gov:ecs:us-gov-west-1:050779347855:task-definition/external-app-service",
            "container_definitions": "[{\"cpu\":0,\"environment\":[{\"name\":\"JAVA_TOOL_OPTIONS\",\"value\":\"-Xms256m -Xmx256m\"},{\"name\":\"SPRING_PROFILES_ACTIVE\",\"value\":\"production-gov\"}],\"essential\":true,\"image\":\"050779347855.dkr.ecr.us-gov-west-1.amazonaws.com/external-app-service:1.0-55\",\"logConfiguration\":{\"logDriver\":\"awslogs\",\"options\":{\"awslogs-group\":\"external-app-service\",\"awslogs-multiline-pattern\":\"^[0-9]{4}[^\\\\s]\",\"awslogs-region\":\"us-gov-west-1\",\"awslogs-stream-prefix\":\"1.0-55\"}},\"memoryReservation\":416,\"mountPoints\":[{\"containerPath\":\"/etc/xray\",\"readOnly\":true,\"sourceVolume\":\"xray-daemon\"}],\"name\":\"external-app-service\",\"portMappings\":[{\"containerPort\":8288,\"hostPort\":8288,\"protocol\":\"tcp\"}],\"volumesFrom\":[]}]",
            "cpu": "",
            "ephemeral_storage": [],
            "execution_role_arn": "",
            "family": "external-app-service",
            "id": "external-app-service",
            "inference_accelerator": [],
            "ipc_mode": "",
            "memory": "",
            "network_mode": "bridge",
            "pid_mode": "",
            "placement_constraints": [],
            "proxy_configuration": [],
            "requires_compatibilities": [],
            "revision": 4,
            "runtime_platform": [],
            "skip_destroy": null,
            "tags": {
              "Version": "1.0-55"
            },
            "tags_all": {
              "Version": "1.0-55"
            },
            "task_role_arn": "arn:aws-us-gov:iam::050779347855:role/web-app-external-app-service",
            "volume": [
              {
                "docker_volume_configuration": [],
                "efs_volume_configuration": [],
                "fsx_windows_file_server_volume_configuration": [],
                "host_path": "/ecs/xray/daemon",
                "name": "xray-daemon"
              }
            ]
          },
          "sensitive_attributes": []
        }
      ]
    },
    {
      "mode": "managed",
      "type": "aws_ecs_task_definition",
      "name": "image_reference_service",
      "provider": "provider[\"registry.terraform.io/hashicorp/aws\"]",
      "instances": [
        {
          "schema_version": 1,
          "attributes": {
            "arn": "arn:aws-us-gov:ecs:us-gov-west-1:050779347855:task-definition/image-reference-service:3",
            "arn_without_revision": "arn:aws-us-gov:ecs:us-gov-west-1:050779347855:task-definition/image-reference-service",
            "container_definitions": "[{\"cpu\":0,\"environment\":[{\"name\":\"JAVA_TOOL_OPTIONS\",\"value\":\"-Xms256m -Xmx256m\"},{\"name\":\"SPRING_PROFILES_ACTIVE\",\"value\":\"production-gov\"}],\"essential\":true,\"image\":\"050779347855.dkr.ecr.us-gov-west-1.amazonaws.com/image-reference-service:1.0-22\",\"logConfiguration\":{\"logDriver\":\"awslogs\",\"options\":{\"awslogs-group\":\"image-reference-service\",\"awslogs-multiline-pattern\":\"^[0-9]{4}[^\\\\s]\",\"awslogs-region\":\"us-gov-west-1\",\"awslogs-stream-prefix\":\"1.0-22\"}},\"memoryReservation\":416,\"mountPoints\":[{\"containerPath\":\"/etc/xray\",\"readOnly\":true,\"sourceVolume\":\"xray-daemon\"}],\"name\":\"image-reference-service\",\"portMappings\":[{\"containerPort\":8245,\"hostPort\":8245,\"protocol\":\"tcp\"}],\"volumesFrom\":[]}]",
            "cpu": "",
            "ephemeral_storage": [],
            "execution_role_arn": "",
            "family": "image-reference-service",
            "id": "image-reference-service",
            "inference_accelerator": [],
            "ipc_mode": "",
            "memory": "",
            "network_mode": "bridge",
            "pid_mode": "",
            "placement_constraints": [],
            "proxy_configuration": [],
            "requires_compatibilities": [],
            "revision": 3,
            "runtime_platform": [],
            "skip_destroy": null,
            "tags": {
              "Version": "1.0-22"
            },
            "tags_all": {
              "Version": "1.0-22"
            },
            "task_role_arn": "arn:aws-us-gov:iam::050779347855:role/web-app-image-reference-service",
            "volume": [
              {
                "docker_volume_configuration": [],
                "efs_volume_configuration": [],
                "fsx_windows_file_server_volume_configuration": [],
                "host_path": "/ecs/xray/daemon",
                "name": "xray-daemon"
              }
            ]
          },
          "sensitive_attributes": []
        }
      ]
    },
    {
      "mode": "managed",
      "type": "aws_ecs_task_definition",
      "name": "image_scaling_service",
      "provider": "provider[\"registry.terraform.io/hashicorp/aws\"]",
      "instances": [
        {
          "schema_version": 1,
          "attributes": {
            "arn": "arn:aws-us-gov:ecs:us-gov-west-1:050779347855:task-definition/image-scaling-service:3",
            "arn_without_revision": "arn:aws-us-gov:ecs:us-gov-west-1:050779347855:task-definition/image-scaling-service",
            "container_definitions": "[{\"cpu\":0,\"environment\":[{\"name\":\"JAVA_TOOL_OPTIONS\",\"value\":\"-Xms256m -Xmx256m\"},{\"name\":\"SPRING_PROFILES_ACTIVE\",\"value\":\"production-gov\"}],\"essential\":true,\"image\":\"050779347855.dkr.ecr.us-gov-west-1.amazonaws.com/image-scaling-service:1.0-13\",\"logConfiguration\":{\"logDriver\":\"awslogs\",\"options\":{\"awslogs-group\":\"image-scaling-service\",\"awslogs-multiline-pattern\":\"^[0-9]{4}[^\\\\s]\",\"awslogs-region\":\"us-gov-west-1\",\"awslogs-stream-prefix\":\"1.0-13\"}},\"memoryReservation\":416,\"mountPoints\":[{\"containerPath\":\"/etc/xray\",\"readOnly\":true,\"sourceVolume\":\"xray-daemon\"}],\"name\":\"image-scaling-service\",\"portMappings\":[{\"containerPort\":8244,\"hostPort\":8244,\"protocol\":\"tcp\"}],\"volumesFrom\":[]}]",
            "cpu": "",
            "ephemeral_storage": [],
            "execution_role_arn": "",
            "family": "image-scaling-service",
            "id": "image-scaling-service",
            "inference_accelerator": [],
            "ipc_mode": "",
            "memory": "",
            "network_mode": "bridge",
            "pid_mode": "",
            "placement_constraints": [],
            "proxy_configuration": [],
            "requires_compatibilities": [],
            "revision": 3,
            "runtime_platform": [],
            "skip_destroy": null,
            "tags": {
              "Version": "1.0-13"
            },
            "tags_all": {
              "Version": "1.0-13"
            },
            "task_role_arn": "arn:aws-us-gov:iam::050779347855:role/web-app-image-scaling-service",
            "volume": [
              {
                "docker_volume_configuration": [],
                "efs_volume_configuration": [],
                "fsx_windows_file_server_volume_configuration": [],
                "host_path": "/ecs/xray/daemon",
                "name": "xray-daemon"
              }
            ]
          },
          "sensitive_attributes": []
        }
      ]
    },
    {
      "mode": "managed",
      "type": "aws_ecs_task_definition",
      "name": "instructor_graphql_api",
      "provider": "provider[\"registry.terraform.io/hashicorp/aws\"]",
      "instances": [
        {
          "schema_version": 1,
          "attributes": {
            "arn": "arn:aws-us-gov:ecs:us-gov-west-1:050779347855:task-definition/instructor-graphql-api:9",
            "arn_without_revision": "arn:aws-us-gov:ecs:us-gov-west-1:050779347855:task-definition/instructor-graphql-api",
            "container_definitions": "[{\"cpu\":0,\"environment\":[{\"name\":\"JAVA_TOOL_OPTIONS\",\"value\":\"-Xms256m -Xmx256m\"},{\"name\":\"SPRING_PROFILES_ACTIVE\",\"value\":\"production-gov\"}],\"essential\":true,\"image\":\"050779347855.dkr.ecr.us-gov-west-1.amazonaws.com/instructor-graphql-api:1.0-120\",\"logConfiguration\":{\"logDriver\":\"awslogs\",\"options\":{\"awslogs-group\":\"instructor-graphql-api\",\"awslogs-multiline-pattern\":\"^[0-9]{4}[^\\\\s]\",\"awslogs-region\":\"us-gov-west-1\",\"awslogs-stream-prefix\":\"1.0-120\"}},\"memoryReservation\":416,\"mountPoints\":[{\"containerPath\":\"/etc/xray\",\"readOnly\":true,\"sourceVolume\":\"xray-daemon\"}],\"name\":\"instructor-graphql-api\",\"portMappings\":[{\"containerPort\":8268,\"hostPort\":8268,\"protocol\":\"tcp\"}],\"volumesFrom\":[]}]",
            "cpu": "",
            "ephemeral_storage": [],
            "execution_role_arn": "",
            "family": "instructor-graphql-api",
            "id": "instructor-graphql-api",
            "inference_accelerator": [],
            "ipc_mode": "",
            "memory": "",
            "network_mode": "bridge",
            "pid_mode": "",
            "placement_constraints": [],
            "proxy_configuration": [],
            "requires_compatibilities": [],
            "revision": 9,
            "runtime_platform": [],
            "skip_destroy": null,
            "tags": {
              "Version": "1.0-120"
            },
            "tags_all": {
              "Version": "1.0-120"
            },
            "task_role_arn": "arn:aws-us-gov:iam::050779347855:role/web-app-instructor-graphql-api",
            "volume": [
              {
                "docker_volume_configuration": [],
                "efs_volume_configuration": [],
                "fsx_windows_file_server_volume_configuration": [],
                "host_path": "/ecs/xray/daemon",
                "name": "xray-daemon"
              }
            ]
          },
          "sensitive_attributes": []
        }
      ]
    },
    {
      "mode": "managed",
      "type": "aws_ecs_task_definition",
      "name": "ip_geo_location_service",
      "provider": "provider[\"registry.terraform.io/hashicorp/aws\"]",
      "instances": [
        {
          "schema_version": 1,
          "attributes": {
            "arn": "arn:aws-us-gov:ecs:us-gov-west-1:050779347855:task-definition/ip-geo-location-service:3",
            "arn_without_revision": "arn:aws-us-gov:ecs:us-gov-west-1:050779347855:task-definition/ip-geo-location-service",
            "container_definitions": "[{\"cpu\":0,\"environment\":[{\"name\":\"JAVA_TOOL_OPTIONS\",\"value\":\"-Xms256m -Xmx256m\"},{\"name\":\"SPRING_PROFILES_ACTIVE\",\"value\":\"production-gov\"}],\"essential\":true,\"image\":\"050779347855.dkr.ecr.us-gov-west-1.amazonaws.com/ip-geo-location-service:1.0-15\",\"logConfiguration\":{\"logDriver\":\"awslogs\",\"options\":{\"awslogs-group\":\"ip-geo-location-service\",\"awslogs-multiline-pattern\":\"^[0-9]{4}[^\\\\s]\",\"awslogs-region\":\"us-gov-west-1\",\"awslogs-stream-prefix\":\"1.0-15\"}},\"memoryReservation\":416,\"mountPoints\":[{\"containerPath\":\"/etc/xray\",\"readOnly\":true,\"sourceVolume\":\"xray-daemon\"}],\"name\":\"ip-geo-location-service\",\"portMappings\":[{\"containerPort\":8269,\"hostPort\":8269,\"protocol\":\"tcp\"}],\"volumesFrom\":[]}]",
            "cpu": "",
            "ephemeral_storage": [],
            "execution_role_arn": "",
            "family": "ip-geo-location-service",
            "id": "ip-geo-location-service",
            "inference_accelerator": [],
            "ipc_mode": "",
            "memory": "",
            "network_mode": "bridge",
            "pid_mode": "",
            "placement_constraints": [],
            "proxy_configuration": [],
            "requires_compatibilities": [],
            "revision": 3,
            "runtime_platform": [],
            "skip_destroy": null,
            "tags": {
              "Version": "1.0-15"
            },
            "tags_all": {
              "Version": "1.0-15"
            },
            "task_role_arn": "arn:aws-us-gov:iam::050779347855:role/web-app-ip-geo-location-service",
            "volume": [
              {
                "docker_volume_configuration": [],
                "efs_volume_configuration": [],
                "fsx_windows_file_server_volume_configuration": [],
                "host_path": "/ecs/xray/daemon",
                "name": "xray-daemon"
              }
            ]
          },
          "sensitive_attributes": []
        }
      ]
    },
    {
      "mode": "managed",
      "type": "aws_ecs_task_definition",
      "name": "learner_graphql_api",
      "provider": "provider[\"registry.terraform.io/hashicorp/aws\"]",
      "instances": [
        {
          "schema_version": 1,
          "attributes": {
            "arn": "arn:aws-us-gov:ecs:us-gov-west-1:050779347855:task-definition/learner-graphql-api:5",
            "arn_without_revision": "arn:aws-us-gov:ecs:us-gov-west-1:050779347855:task-definition/learner-graphql-api",
            "container_definitions": "[{\"cpu\":0,\"environment\":[{\"name\":\"JAVA_TOOL_OPTIONS\",\"value\":\"-Xms256m -Xmx256m\"},{\"name\":\"SPRING_PROFILES_ACTIVE\",\"value\":\"production-gov\"}],\"essential\":true,\"image\":\"050779347855.dkr.ecr.us-gov-west-1.amazonaws.com/learner-graphql-api:1.0-116\",\"logConfiguration\":{\"logDriver\":\"awslogs\",\"options\":{\"awslogs-group\":\"learner-graphql-api\",\"awslogs-multiline-pattern\":\"^[0-9]{4}[^\\\\s]\",\"awslogs-region\":\"us-gov-west-1\",\"awslogs-stream-prefix\":\"1.0-116\"}},\"memoryReservation\":416,\"mountPoints\":[{\"containerPath\":\"/etc/xray\",\"readOnly\":true,\"sourceVolume\":\"xray-daemon\"}],\"name\":\"learner-graphql-api\",\"portMappings\":[{\"containerPort\":8208,\"hostPort\":8208,\"protocol\":\"tcp\"}],\"volumesFrom\":[]}]",
            "cpu": "",
            "ephemeral_storage": [],
            "execution_role_arn": "",
            "family": "learner-graphql-api",
            "id": "learner-graphql-api",
            "inference_accelerator": [],
            "ipc_mode": "",
            "memory": "",
            "network_mode": "bridge",
            "pid_mode": "",
            "placement_constraints": [],
            "proxy_configuration": [],
            "requires_compatibilities": [],
            "revision": 5,
            "runtime_platform": [],
            "skip_destroy": null,
            "tags": {
              "Version": "1.0-116"
            },
            "tags_all": {
              "Version": "1.0-116"
            },
            "task_role_arn": "arn:aws-us-gov:iam::050779347855:role/web-app-learner-graphql-api",
            "volume": [
              {
                "docker_volume_configuration": [],
                "efs_volume_configuration": [],
                "fsx_windows_file_server_volume_configuration": [],
                "host_path": "/ecs/xray/daemon",
                "name": "xray-daemon"
              }
            ]
          },
          "sensitive_attributes": []
        }
      ]
    },
    {
      "mode": "managed",
      "type": "aws_ecs_task_definition",
      "name": "learning_activity_service",
      "provider": "provider[\"registry.terraform.io/hashicorp/aws\"]",
      "instances": [
        {
          "schema_version": 1,
          "attributes": {
            "arn": "arn:aws-us-gov:ecs:us-gov-west-1:050779347855:task-definition/learning-activity-service:3",
            "arn_without_revision": "arn:aws-us-gov:ecs:us-gov-west-1:050779347855:task-definition/learning-activity-service",
            "container_definitions": "[{\"cpu\":0,\"environment\":[{\"name\":\"JAVA_TOOL_OPTIONS\",\"value\":\"-Xms256m -Xmx256m\"},{\"name\":\"SPRING_PROFILES_ACTIVE\",\"value\":\"production-gov\"}],\"essential\":true,\"image\":\"050779347855.dkr.ecr.us-gov-west-1.amazonaws.com/learning-activity-service:1.0-49\",\"logConfiguration\":{\"logDriver\":\"awslogs\",\"options\":{\"awslogs-group\":\"learning-activity-service\",\"awslogs-multiline-pattern\":\"^[0-9]{4}[^\\\\s]\",\"awslogs-region\":\"us-gov-west-1\",\"awslogs-stream-prefix\":\"1.0-49\"}},\"memoryReservation\":416,\"mountPoints\":[{\"containerPath\":\"/etc/xray\",\"readOnly\":true,\"sourceVolume\":\"xray-daemon\"}],\"name\":\"learning-activity-service\",\"portMappings\":[{\"containerPort\":8276,\"hostPort\":8276,\"protocol\":\"tcp\"}],\"volumesFrom\":[]}]",
            "cpu": "",
            "ephemeral_storage": [],
            "execution_role_arn": "",
            "family": "learning-activity-service",
            "id": "learning-activity-service",
            "inference_accelerator": [],
            "ipc_mode": "",
            "memory": "",
            "network_mode": "bridge",
            "pid_mode": "",
            "placement_constraints": [],
            "proxy_configuration": [],
            "requires_compatibilities": [],
            "revision": 3,
            "runtime_platform": [],
            "skip_destroy": null,
            "tags": {
              "Version": "1.0-49"
            },
            "tags_all": {
              "Version": "1.0-49"
            },
            "task_role_arn": "arn:aws-us-gov:iam::050779347855:role/web-app-learning-activity-service",
            "volume": [
              {
                "docker_volume_configuration": [],
                "efs_volume_configuration": [],
                "fsx_windows_file_server_volume_configuration": [],
                "host_path": "/ecs/xray/daemon",
                "name": "xray-daemon"
              }
            ]
          },
          "sensitive_attributes": []
        }
      ]
    },
    {
      "mode": "managed",
      "type": "aws_ecs_task_definition",
      "name": "learning_media_service",
      "provider": "provider[\"registry.terraform.io/hashicorp/aws\"]",
      "instances": [
        {
          "schema_version": 1,
          "attributes": {
            "arn": "arn:aws-us-gov:ecs:us-gov-west-1:050779347855:task-definition/learning-media-service:13",
            "arn_without_revision": "arn:aws-us-gov:ecs:us-gov-west-1:050779347855:task-definition/learning-media-service",
            "container_definitions": "[{\"cpu\":0,\"environment\":[{\"name\":\"AWS_STS_REGIONAL_ENDPOINTS\",\"value\":\"regional\"},{\"name\":\"JAVA_TOOL_OPTIONS\",\"value\":\"-Xms256m -Xmx256m\"},{\"name\":\"SPRING_PROFILES_ACTIVE\",\"value\":\"production-gov\"}],\"essential\":true,\"image\":\"050779347855.dkr.ecr.us-gov-west-1.amazonaws.com/learning-media-service:1.0-324\",\"logConfiguration\":{\"logDriver\":\"awslogs\",\"options\":{\"awslogs-group\":\"learning-media-service\",\"awslogs-multiline-pattern\":\"^[0-9]{4}[^\\\\s]\",\"awslogs-region\":\"us-gov-west-1\",\"awslogs-stream-prefix\":\"1.0-324\"}},\"memoryReservation\":416,\"mountPoints\":[{\"containerPath\":\"/etc/xray\",\"readOnly\":true,\"sourceVolume\":\"xray-daemon\"}],\"name\":\"learning-media-service\",\"portMappings\":[{\"containerPort\":8230,\"hostPort\":8230,\"protocol\":\"tcp\"}],\"volumesFrom\":[]}]",
            "cpu": "",
            "ephemeral_storage": [],
            "execution_role_arn": "",
            "family": "learning-media-service",
            "id": "learning-media-service",
            "inference_accelerator": [],
            "ipc_mode": "",
            "memory": "",
            "network_mode": "bridge",
            "pid_mode": "",
            "placement_constraints": [],
            "proxy_configuration": [],
            "requires_compatibilities": [],
            "revision": 13,
            "runtime_platform": [],
            "skip_destroy": null,
            "tags": {
              "Version": "1.0-324"
            },
            "tags_all": {
              "Version": "1.0-324"
            },
            "task_role_arn": "arn:aws-us-gov:iam::050779347855:role/web-app-learning-media-service",
            "volume": [
              {
                "docker_volume_configuration": [],
                "efs_volume_configuration": [],
                "fsx_windows_file_server_volume_configuration": [],
                "host_path": "/ecs/xray/daemon",
                "name": "xray-daemon"
              }
            ]
          },
          "sensitive_attributes": []
        }
      ]
    },
    {
      "mode": "managed",
      "type": "aws_ecs_task_definition",
      "name": "market_search_service",
      "provider": "provider[\"registry.terraform.io/hashicorp/aws\"]",
      "instances": [
        {
          "schema_version": 1,
          "attributes": {
            "arn": "arn:aws-us-gov:ecs:us-gov-west-1:050779347855:task-definition/market-search-service:5",
            "arn_without_revision": "arn:aws-us-gov:ecs:us-gov-west-1:050779347855:task-definition/market-search-service",
            "container_definitions": "[{\"cpu\":0,\"environment\":[{\"name\":\"JAVA_TOOL_OPTIONS\",\"value\":\"-Xms256m -Xmx256m\"},{\"name\":\"SPRING_PROFILES_ACTIVE\",\"value\":\"production-gov\"}],\"essential\":true,\"image\":\"050779347855.dkr.ecr.us-gov-west-1.amazonaws.com/market-search-service:1.0-146\",\"logConfiguration\":{\"logDriver\":\"awslogs\",\"options\":{\"awslogs-group\":\"market-search-service\",\"awslogs-multiline-pattern\":\"^[0-9]{4}[^\\\\s]\",\"awslogs-region\":\"us-gov-west-1\",\"awslogs-stream-prefix\":\"1.0-146\"}},\"memoryReservation\":416,\"mountPoints\":[{\"containerPath\":\"/etc/xray\",\"readOnly\":true,\"sourceVolume\":\"xray-daemon\"}],\"name\":\"market-search-service\",\"portMappings\":[{\"containerPort\":8238,\"hostPort\":8238,\"protocol\":\"tcp\"}],\"volumesFrom\":[]}]",
            "cpu": "",
            "ephemeral_storage": [],
            "execution_role_arn": "",
            "family": "market-search-service",
            "id": "market-search-service",
            "inference_accelerator": [],
            "ipc_mode": "",
            "memory": "",
            "network_mode": "bridge",
            "pid_mode": "",
            "placement_constraints": [],
            "proxy_configuration": [],
            "requires_compatibilities": [],
            "revision": 5,
            "runtime_platform": [],
            "skip_destroy": null,
            "tags": {
              "Version": "1.0-146"
            },
            "tags_all": {
              "Version": "1.0-146"
            },
            "task_role_arn": "arn:aws-us-gov:iam::050779347855:role/web-app-market-search-service",
            "volume": [
              {
                "docker_volume_configuration": [],
                "efs_volume_configuration": [],
                "fsx_windows_file_server_volume_configuration": [],
                "host_path": "/ecs/xray/daemon",
                "name": "xray-daemon"
              }
            ]
          },
          "sensitive_attributes": []
        }
      ]
    },
    {
      "mode": "managed",
      "type": "aws_ecs_task_definition",
      "name": "market_subscription_service",
      "provider": "provider[\"registry.terraform.io/hashicorp/aws\"]",
      "instances": [
        {
          "schema_version": 1,
          "attributes": {
            "arn": "arn:aws-us-gov:ecs:us-gov-west-1:050779347855:task-definition/market-subscription-service:12",
            "arn_without_revision": "arn:aws-us-gov:ecs:us-gov-west-1:050779347855:task-definition/market-subscription-service",
            "container_definitions": "[{\"cpu\":0,\"environment\":[{\"name\":\"AWS_STS_REGIONAL_ENDPOINTS\",\"value\":\"regional\"},{\"name\":\"JAVA_TOOL_OPTIONS\",\"value\":\"-Xms256m -Xmx256m\"},{\"name\":\"SPRING_PROFILES_ACTIVE\",\"value\":\"production-gov\"}],\"essential\":true,\"image\":\"050779347855.dkr.ecr.us-gov-west-1.amazonaws.com/market-subscription-service:1.0-366\",\"logConfiguration\":{\"logDriver\":\"awslogs\",\"options\":{\"awslogs-group\":\"market-subscription-service\",\"awslogs-multiline-pattern\":\"^[0-9]{4}[^\\\\s]\",\"awslogs-region\":\"us-gov-west-1\",\"awslogs-stream-prefix\":\"1.0-366\"}},\"memoryReservation\":416,\"mountPoints\":[{\"containerPath\":\"/etc/xray\",\"readOnly\":true,\"sourceVolume\":\"xray-daemon\"}],\"name\":\"market-subscription-service\",\"portMappings\":[{\"containerPort\":8236,\"hostPort\":8236,\"protocol\":\"tcp\"}],\"volumesFrom\":[]}]",
            "cpu": "",
            "ephemeral_storage": [],
            "execution_role_arn": "",
            "family": "market-subscription-service",
            "id": "market-subscription-service",
            "inference_accelerator": [],
            "ipc_mode": "",
            "memory": "",
            "network_mode": "bridge",
            "pid_mode": "",
            "placement_constraints": [],
            "proxy_configuration": [],
            "requires_compatibilities": [],
            "revision": 12,
            "runtime_platform": [],
            "skip_destroy": null,
            "tags": {
              "Version": "1.0-366"
            },
            "tags_all": {
              "Version": "1.0-366"
            },
            "task_role_arn": "arn:aws-us-gov:iam::050779347855:role/web-app-market-subscription-service",
            "volume": [
              {
                "docker_volume_configuration": [],
                "efs_volume_configuration": [],
                "fsx_windows_file_server_volume_configuration": [],
                "host_path": "/ecs/xray/daemon",
                "name": "xray-daemon"
              }
            ]
          },
          "sensitive_attributes": []
        }
      ]
    },
    {
      "mode": "managed",
      "type": "aws_ecs_task_definition",
      "name": "media_asset_service",
      "provider": "provider[\"registry.terraform.io/hashicorp/aws\"]",
      "instances": [
        {
          "schema_version": 1,
          "attributes": {
            "arn": "arn:aws-us-gov:ecs:us-gov-west-1:050779347855:task-definition/media-asset-service:5",
            "arn_without_revision": "arn:aws-us-gov:ecs:us-gov-west-1:050779347855:task-definition/media-asset-service",
            "container_definitions": "[{\"cpu\":0,\"environment\":[{\"name\":\"AWS_STS_REGIONAL_ENDPOINTS\",\"value\":\"regional\"},{\"name\":\"JAVA_TOOL_OPTIONS\",\"value\":\"-Xms256m -Xmx256m\"},{\"name\":\"SPRING_PROFILES_ACTIVE\",\"value\":\"production-gov\"}],\"essential\":true,\"image\":\"050779347855.dkr.ecr.us-gov-west-1.amazonaws.com/media-asset-service:1.0-85\",\"logConfiguration\":{\"logDriver\":\"awslogs\",\"options\":{\"awslogs-group\":\"media-asset-service\",\"awslogs-multiline-pattern\":\"^[0-9]{4}[^\\\\s]\",\"awslogs-region\":\"us-gov-west-1\",\"awslogs-stream-prefix\":\"1.0-85\"}},\"memoryReservation\":416,\"mountPoints\":[{\"containerPath\":\"/etc/xray\",\"readOnly\":true,\"sourceVolume\":\"xray-daemon\"}],\"name\":\"media-asset-service\",\"portMappings\":[{\"containerPort\":8254,\"hostPort\":8254,\"protocol\":\"tcp\"}],\"volumesFrom\":[]}]",
            "cpu": "",
            "ephemeral_storage": [],
            "execution_role_arn": "",
            "family": "media-asset-service",
            "id": "media-asset-service",
            "inference_accelerator": [],
            "ipc_mode": "",
            "memory": "",
            "network_mode": "bridge",
            "pid_mode": "",
            "placement_constraints": [],
            "proxy_configuration": [],
            "requires_compatibilities": [],
            "revision": 5,
            "runtime_platform": [],
            "skip_destroy": null,
            "tags": {
              "Version": "1.0-85"
            },
            "tags_all": {
              "Version": "1.0-85"
            },
            "task_role_arn": "arn:aws-us-gov:iam::050779347855:role/web-app-media-asset-service",
            "volume": [
              {
                "docker_volume_configuration": [],
                "efs_volume_configuration": [],
                "fsx_windows_file_server_volume_configuration": [],
                "host_path": "/ecs/xray/daemon",
                "name": "xray-daemon"
              }
            ]
          },
          "sensitive_attributes": []
        }
      ]
    },
    {
      "mode": "managed",
      "type": "aws_ecs_task_definition",
      "name": "military_user_validator",
      "provider": "provider[\"registry.terraform.io/hashicorp/aws\"]",
      "instances": [
        {
          "schema_version": 1,
          "attributes": {
            "arn": "arn:aws-us-gov:ecs:us-gov-west-1:050779347855:task-definition/military-user-validator:2",
            "arn_without_revision": "arn:aws-us-gov:ecs:us-gov-west-1:050779347855:task-definition/military-user-validator",
            "container_definitions": "[{\"cpu\":0,\"environment\":[{\"name\":\"JAVA_TOOL_OPTIONS\",\"value\":\"-Xms256m -Xmx256m\"},{\"name\":\"SPRING_PROFILES_ACTIVE\",\"value\":\"production-gov\"}],\"essential\":true,\"image\":\"050779347855.dkr.ecr.us-gov-west-1.amazonaws.com/military-user-validator:1.0-80\",\"logConfiguration\":{\"logDriver\":\"awslogs\",\"options\":{\"awslogs-group\":\"military-user-validator\",\"awslogs-multiline-pattern\":\"^[0-9]{4}[^\\\\s]\",\"awslogs-region\":\"us-gov-west-1\",\"awslogs-stream-prefix\":\"1.0-80\"}},\"memoryReservation\":416,\"mountPoints\":[{\"containerPath\":\"/etc/xray\",\"readOnly\":true,\"sourceVolume\":\"xray-daemon\"}],\"name\":\"military-user-validator\",\"portMappings\":[{\"containerPort\":8284,\"hostPort\":8284,\"protocol\":\"tcp\"}],\"volumesFrom\":[]}]",
            "cpu": "",
            "ephemeral_storage": [],
            "execution_role_arn": "",
            "family": "military-user-validator",
            "id": "military-user-validator",
            "inference_accelerator": [],
            "ipc_mode": "",
            "memory": "",
            "network_mode": "bridge",
            "pid_mode": "",
            "placement_constraints": [],
            "proxy_configuration": [],
            "requires_compatibilities": [],
            "revision": 2,
            "runtime_platform": [],
            "skip_destroy": null,
            "tags": {
              "Version": "1.0-80"
            },
            "tags_all": {
              "Version": "1.0-80"
            },
            "task_role_arn": "arn:aws-us-gov:iam::050779347855:role/web-app-military-user-validator",
            "volume": [
              {
                "docker_volume_configuration": [],
                "efs_volume_configuration": [],
                "fsx_windows_file_server_volume_configuration": [],
                "host_path": "/ecs/xray/daemon",
                "name": "xray-daemon"
              }
            ]
          },
          "sensitive_attributes": []
        }
      ]
    },
    {
      "mode": "managed",
      "type": "aws_ecs_task_definition",
      "name": "notification_service",
      "provider": "provider[\"registry.terraform.io/hashicorp/aws\"]",
      "instances": [
        {
          "schema_version": 1,
          "attributes": {
            "arn": "arn:aws-us-gov:ecs:us-gov-west-1:050779347855:task-definition/notification-service:25",
            "arn_without_revision": "arn:aws-us-gov:ecs:us-gov-west-1:050779347855:task-definition/notification-service",
            "container_definitions": "[{\"cpu\":0,\"environment\":[{\"name\":\"AWS_STS_REGIONAL_ENDPOINTS\",\"value\":\"regional\"},{\"name\":\"JAVA_TOOL_OPTIONS\",\"value\":\"-Xms256m -Xmx256m\"},{\"name\":\"SPRING_PROFILES_ACTIVE\",\"value\":\"production-gov\"}],\"essential\":true,\"image\":\"050779347855.dkr.ecr.us-gov-west-1.amazonaws.com/notification-service:1.0-114\",\"logConfiguration\":{\"logDriver\":\"awslogs\",\"options\":{\"awslogs-group\":\"notification-service\",\"awslogs-multiline-pattern\":\"^[0-9]{4}[^\\\\s]\",\"awslogs-region\":\"us-gov-west-1\",\"awslogs-stream-prefix\":\"1.0-114\"}},\"memoryReservation\":416,\"mountPoints\":[{\"containerPath\":\"/etc/xray\",\"readOnly\":true,\"sourceVolume\":\"xray-daemon\"}],\"name\":\"notification-service\",\"portMappings\":[{\"containerPort\":8242,\"hostPort\":8242,\"protocol\":\"tcp\"}],\"volumesFrom\":[]}]",
            "cpu": "",
            "ephemeral_storage": [],
            "execution_role_arn": "",
            "family": "notification-service",
            "id": "notification-service",
            "inference_accelerator": [],
            "ipc_mode": "",
            "memory": "",
            "network_mode": "bridge",
            "pid_mode": "",
            "placement_constraints": [],
            "proxy_configuration": [],
            "requires_compatibilities": [],
            "revision": 25,
            "runtime_platform": [],
            "skip_destroy": null,
            "tags": {
              "Version": "1.0-114"
            },
            "tags_all": {
              "Version": "1.0-114"
            },
            "task_role_arn": "arn:aws-us-gov:iam::050779347855:role/web-app-notification-service",
            "volume": [
              {
                "docker_volume_configuration": [],
                "efs_volume_configuration": [],
                "fsx_windows_file_server_volume_configuration": [],
                "host_path": "/ecs/xray/daemon",
                "name": "xray-daemon"
              }
            ]
          },
          "sensitive_attributes": []
        }
      ]
    },
    {
      "mode": "managed",
      "type": "aws_ecs_task_definition",
      "name": "performance_assessment_service",
      "provider": "provider[\"registry.terraform.io/hashicorp/aws\"]",
      "instances": [
        {
          "schema_version": 1,
          "attributes": {
            "arn": "arn:aws-us-gov:ecs:us-gov-west-1:050779347855:task-definition/performance-assessment-service:4",
            "arn_without_revision": "arn:aws-us-gov:ecs:us-gov-west-1:050779347855:task-definition/performance-assessment-service",
            "container_definitions": "[{\"cpu\":0,\"environment\":[{\"name\":\"AWS_STS_REGIONAL_ENDPOINTS\",\"value\":\"regional\"},{\"name\":\"JAVA_TOOL_OPTIONS\",\"value\":\"-Xms256m -Xmx256m\"},{\"name\":\"SPRING_PROFILES_ACTIVE\",\"value\":\"production-gov\"}],\"essential\":true,\"image\":\"050779347855.dkr.ecr.us-gov-west-1.amazonaws.com/performance-assessment-service:1.0-45\",\"logConfiguration\":{\"logDriver\":\"awslogs\",\"options\":{\"awslogs-group\":\"performance-assessment-service\",\"awslogs-multiline-pattern\":\"^[0-9]{4}[^\\\\s]\",\"awslogs-region\":\"us-gov-west-1\",\"awslogs-stream-prefix\":\"1.0-45\"}},\"memoryReservation\":416,\"mountPoints\":[{\"containerPath\":\"/etc/xray\",\"readOnly\":true,\"sourceVolume\":\"xray-daemon\"}],\"name\":\"performance-assessment-service\",\"portMappings\":[{\"containerPort\":8289,\"hostPort\":8289,\"protocol\":\"tcp\"}],\"volumesFrom\":[]}]",
            "cpu": "",
            "ephemeral_storage": [],
            "execution_role_arn": "",
            "family": "performance-assessment-service",
            "id": "performance-assessment-service",
            "inference_accelerator": [],
            "ipc_mode": "",
            "memory": "",
            "network_mode": "bridge",
            "pid_mode": "",
            "placement_constraints": [],
            "proxy_configuration": [],
            "requires_compatibilities": [],
            "revision": 4,
            "runtime_platform": [],
            "skip_destroy": null,
            "tags": {
              "Version": "1.0-45"
            },
            "tags_all": {
              "Version": "1.0-45"
            },
            "task_role_arn": "arn:aws-us-gov:iam::050779347855:role/web-app-performance-assessment-service",
            "volume": [
              {
                "docker_volume_configuration": [],
                "efs_volume_configuration": [],
                "fsx_windows_file_server_volume_configuration": [],
                "host_path": "/ecs/xray/daemon",
                "name": "xray-daemon"
              }
            ]
          },
          "sensitive_attributes": []
        }
      ]
    },
    {
      "mode": "managed",
      "type": "aws_ecs_task_definition",
      "name": "publication_service",
      "provider": "provider[\"registry.terraform.io/hashicorp/aws\"]",
      "instances": [
        {
          "schema_version": 1,
          "attributes": {
            "arn": "arn:aws-us-gov:ecs:us-gov-west-1:050779347855:task-definition/publication-service:7",
            "arn_without_revision": "arn:aws-us-gov:ecs:us-gov-west-1:050779347855:task-definition/publication-service",
            "container_definitions": "[{\"cpu\":0,\"environment\":[{\"name\":\"JAVA_TOOL_OPTIONS\",\"value\":\"-Xms256m -Xmx640m\"},{\"name\":\"SPRING_PROFILES_ACTIVE\",\"value\":\"production-gov\"}],\"essential\":true,\"image\":\"050779347855.dkr.ecr.us-gov-west-1.amazonaws.com/publication-service:1.0-109\",\"logConfiguration\":{\"logDriver\":\"awslogs\",\"options\":{\"awslogs-group\":\"publication-service\",\"awslogs-multiline-pattern\":\"^[0-9]{4}[^\\\\s]\",\"awslogs-region\":\"us-gov-west-1\",\"awslogs-stream-prefix\":\"1.0-109\"}},\"memoryReservation\":896,\"mountPoints\":[{\"containerPath\":\"/etc/xray\",\"readOnly\":true,\"sourceVolume\":\"xray-daemon\"}],\"name\":\"publication-service\",\"portMappings\":[{\"containerPort\":8251,\"hostPort\":8251,\"protocol\":\"tcp\"}],\"volumesFrom\":[]}]",
            "cpu": "",
            "ephemeral_storage": [],
            "execution_role_arn": "",
            "family": "publication-service",
            "id": "publication-service",
            "inference_accelerator": [],
            "ipc_mode": "",
            "memory": "",
            "network_mode": "bridge",
            "pid_mode": "",
            "placement_constraints": [],
            "proxy_configuration": [],
            "requires_compatibilities": [],
            "revision": 7,
            "runtime_platform": [],
            "skip_destroy": null,
            "tags": {
              "Version": "1.0-109"
            },
            "tags_all": {
              "Version": "1.0-109"
            },
            "task_role_arn": "arn:aws-us-gov:iam::050779347855:role/web-app-publication-service",
            "volume": [
              {
                "docker_volume_configuration": [],
                "efs_volume_configuration": [],
                "fsx_windows_file_server_volume_configuration": [],
                "host_path": "/ecs/xray/daemon",
                "name": "xray-daemon"
              }
            ]
          },
          "sensitive_attributes": []
        }
      ]
    },
    {
      "mode": "managed",
      "type": "aws_ecs_task_definition",
      "name": "registration_validation_service",
      "provider": "provider[\"registry.terraform.io/hashicorp/aws\"]",
      "instances": [
        {
          "schema_version": 1,
          "attributes": {
            "arn": "arn:aws-us-gov:ecs:us-gov-west-1:050779347855:task-definition/registration-validation-service:6",
            "arn_without_revision": "arn:aws-us-gov:ecs:us-gov-west-1:050779347855:task-definition/registration-validation-service",
            "container_definitions": "[{\"cpu\":0,\"environment\":[{\"name\":\"JAVA_TOOL_OPTIONS\",\"value\":\"-Xms256m -Xmx256m\"},{\"name\":\"SPRING_PROFILES_ACTIVE\",\"value\":\"production-gov\"}],\"essential\":true,\"image\":\"050779347855.dkr.ecr.us-gov-west-1.amazonaws.com/registration-validation-service:1.0-21\",\"logConfiguration\":{\"logDriver\":\"awslogs\",\"options\":{\"awslogs-group\":\"registration-validation-service\",\"awslogs-multiline-pattern\":\"^[0-9]{4}[^\\\\s]\",\"awslogs-region\":\"us-gov-west-1\",\"awslogs-stream-prefix\":\"1.0-21\"}},\"memoryReservation\":416,\"mountPoints\":[{\"containerPath\":\"/etc/xray\",\"readOnly\":true,\"sourceVolume\":\"xray-daemon\"}],\"name\":\"registration-validation-service\",\"portMappings\":[{\"containerPort\":8292,\"hostPort\":8292,\"protocol\":\"tcp\"}],\"volumesFrom\":[]}]",
            "cpu": "",
            "ephemeral_storage": [],
            "execution_role_arn": "",
            "family": "registration-validation-service",
            "id": "registration-validation-service",
            "inference_accelerator": [],
            "ipc_mode": "",
            "memory": "",
            "network_mode": "bridge",
            "pid_mode": "",
            "placement_constraints": [],
            "proxy_configuration": [],
            "requires_compatibilities": [],
            "revision": 6,
            "runtime_platform": [],
            "skip_destroy": null,
            "tags": {
              "Version": "1.0-21"
            },
            "tags_all": {
              "Version": "1.0-21"
            },
            "task_role_arn": "arn:aws-us-gov:iam::050779347855:role/web-app-registration-validation-service",
            "volume": [
              {
                "docker_volume_configuration": [],
                "efs_volume_configuration": [],
                "fsx_windows_file_server_volume_configuration": [],
                "host_path": "/ecs/xray/daemon",
                "name": "xray-daemon"
              }
            ]
          },
          "sensitive_attributes": []
        }
      ]
    },
    {
      "mode": "managed",
      "type": "aws_ecs_task_definition",
      "name": "simple_email_manager",
      "provider": "provider[\"registry.terraform.io/hashicorp/aws\"]",
      "instances": [
        {
          "schema_version": 1,
          "attributes": {
            "arn": "arn:aws-us-gov:ecs:us-gov-west-1:050779347855:task-definition/simple-email-manager:4",
            "arn_without_revision": "arn:aws-us-gov:ecs:us-gov-west-1:050779347855:task-definition/simple-email-manager",
            "container_definitions": "[{\"cpu\":0,\"environment\":[{\"name\":\"JAVA_TOOL_OPTIONS\",\"value\":\"-Xms256m -Xmx256m\"},{\"name\":\"SPRING_PROFILES_ACTIVE\",\"value\":\"production-gov\"}],\"essential\":true,\"image\":\"050779347855.dkr.ecr.us-gov-west-1.amazonaws.com/simple-email-manager:1.0-39\",\"logConfiguration\":{\"logDriver\":\"awslogs\",\"options\":{\"awslogs-group\":\"simple-email-manager\",\"awslogs-multiline-pattern\":\"^[0-9]{4}[^\\\\s]\",\"awslogs-region\":\"us-gov-west-1\",\"awslogs-stream-prefix\":\"1.0-39\"}},\"memoryReservation\":416,\"mountPoints\":[{\"containerPath\":\"/etc/xray\",\"readOnly\":true,\"sourceVolume\":\"xray-daemon\"}],\"name\":\"simple-email-manager\",\"portMappings\":[{\"containerPort\":8240,\"hostPort\":8240,\"protocol\":\"tcp\"}],\"volumesFrom\":[]}]",
            "cpu": "",
            "ephemeral_storage": [],
            "execution_role_arn": "",
            "family": "simple-email-manager",
            "id": "simple-email-manager",
            "inference_accelerator": [],
            "ipc_mode": "",
            "memory": "",
            "network_mode": "bridge",
            "pid_mode": "",
            "placement_constraints": [],
            "proxy_configuration": [],
            "requires_compatibilities": [],
            "revision": 4,
            "runtime_platform": [],
            "skip_destroy": null,
            "tags": {
              "Version": "1.0-39"
            },
            "tags_all": {
              "Version": "1.0-39"
            },
            "task_role_arn": "arn:aws-us-gov:iam::050779347855:role/web-app-simple-email-manager",
            "volume": [
              {
                "docker_volume_configuration": [],
                "efs_volume_configuration": [],
                "fsx_windows_file_server_volume_configuration": [],
                "host_path": "/ecs/xray/daemon",
                "name": "xray-daemon"
              }
            ]
          },
          "sensitive_attributes": []
        }
      ]
    },
    {
      "mode": "managed",
      "type": "aws_ecs_task_definition",
      "name": "single_step_service",
      "provider": "provider[\"registry.terraform.io/hashicorp/aws\"]",
      "instances": [
        {
          "schema_version": 1,
          "attributes": {
            "arn": "arn:aws-us-gov:ecs:us-gov-west-1:050779347855:task-definition/single-step-service:7",
            "arn_without_revision": "arn:aws-us-gov:ecs:us-gov-west-1:050779347855:task-definition/single-step-service",
            "container_definitions": "[{\"cpu\":0,\"environment\":[{\"name\":\"JAVA_TOOL_OPTIONS\",\"value\":\"-Xms256m -Xmx256m\"},{\"name\":\"SPRING_PROFILES_ACTIVE\",\"value\":\"production-gov\"}],\"essential\":true,\"image\":\"050779347855.dkr.ecr.us-gov-west-1.amazonaws.com/single-step-service:1.0-34\",\"logConfiguration\":{\"logDriver\":\"awslogs\",\"options\":{\"awslogs-group\":\"single-step-service\",\"awslogs-multiline-pattern\":\"^[0-9]{4}[^\\\\s]\",\"awslogs-region\":\"us-gov-west-1\",\"awslogs-stream-prefix\":\"1.0-34\"}},\"memoryReservation\":416,\"mountPoints\":[{\"containerPath\":\"/etc/xray\",\"readOnly\":true,\"sourceVolume\":\"xray-daemon\"}],\"name\":\"single-step-service\",\"portMappings\":[{\"containerPort\":8246,\"hostPort\":8246,\"protocol\":\"tcp\"}],\"volumesFrom\":[]}]",
            "cpu": "",
            "ephemeral_storage": [],
            "execution_role_arn": "",
            "family": "single-step-service",
            "id": "single-step-service",
            "inference_accelerator": [],
            "ipc_mode": "",
            "memory": "",
            "network_mode": "bridge",
            "pid_mode": "",
            "placement_constraints": [],
            "proxy_configuration": [],
            "requires_compatibilities": [],
            "revision": 7,
            "runtime_platform": [],
            "skip_destroy": null,
            "tags": {
              "Version": "1.0-34"
            },
            "tags_all": {
              "Version": "1.0-34"
            },
            "task_role_arn": "arn:aws-us-gov:iam::050779347855:role/web-app-single-step-service",
            "volume": [
              {
                "docker_volume_configuration": [],
                "efs_volume_configuration": [],
                "fsx_windows_file_server_volume_configuration": [],
                "host_path": "/ecs/xray/daemon",
                "name": "xray-daemon"
              }
            ]
          },
          "sensitive_attributes": []
        }
      ]
    },
    {
      "mode": "managed",
      "type": "aws_ecs_task_definition",
      "name": "spring_config_server",
      "provider": "provider[\"registry.terraform.io/hashicorp/aws\"]",
      "instances": [
        {
          "schema_version": 1,
          "attributes": {
            "arn": "arn:aws-us-gov:ecs:us-gov-west-1:050779347855:task-definition/spring-config-server:5",
            "arn_without_revision": "arn:aws-us-gov:ecs:us-gov-west-1:050779347855:task-definition/spring-config-server",
            "container_definitions": "[{\"cpu\":0,\"environment\":[{\"name\":\"JAVA_TOOL_OPTIONS\",\"value\":\"-Xms256m -Xmx256m\"},{\"name\":\"SPRING_PROFILES_ACTIVE\",\"value\":\"production-gov\"}],\"essential\":true,\"image\":\"050779347855.dkr.ecr.us-gov-west-1.amazonaws.com/spring-config-server:1.0-57\",\"logConfiguration\":{\"logDriver\":\"awslogs\",\"options\":{\"awslogs-group\":\"spring-config-server\",\"awslogs-multiline-pattern\":\"^[0-9]{4}[^\\\\s]\",\"awslogs-region\":\"us-gov-west-1\",\"awslogs-stream-prefix\":\"1.0-57\"}},\"memoryReservation\":480,\"mountPoints\":[{\"containerPath\":\"/etc/xray\",\"readOnly\":true,\"sourceVolume\":\"xray-daemon\"}],\"name\":\"spring-config-server\",\"portMappings\":[{\"containerPort\":8888,\"hostPort\":8888,\"protocol\":\"tcp\"}],\"volumesFrom\":[]}]",
            "cpu": "",
            "ephemeral_storage": [],
            "execution_role_arn": "",
            "family": "spring-config-server",
            "id": "spring-config-server",
            "inference_accelerator": [],
            "ipc_mode": "",
            "memory": "",
            "network_mode": "bridge",
            "pid_mode": "",
            "placement_constraints": [],
            "proxy_configuration": [],
            "requires_compatibilities": [],
            "revision": 5,
            "runtime_platform": [],
            "skip_destroy": null,
            "tags": {
              "Version": "1.0-57"
            },
            "tags_all": {
              "Version": "1.0-57"
            },
            "task_role_arn": "arn:aws-us-gov:iam::050779347855:role/web-app-spring-config-server",
            "volume": [
              {
                "docker_volume_configuration": [],
                "efs_volume_configuration": [],
                "fsx_windows_file_server_volume_configuration": [],
                "host_path": "/ecs/xray/daemon",
                "name": "xray-daemon"
              }
            ]
          },
          "sensitive_attributes": []
        }
      ]
    },
    {
      "mode": "managed",
      "type": "aws_ecs_task_definition",
      "name": "survey_form_service",
      "provider": "provider[\"registry.terraform.io/hashicorp/aws\"]",
      "instances": [
        {
          "schema_version": 1,
          "attributes": {
            "arn": "arn:aws-us-gov:ecs:us-gov-west-1:050779347855:task-definition/survey-form-service:2",
            "arn_without_revision": "arn:aws-us-gov:ecs:us-gov-west-1:050779347855:task-definition/survey-form-service",
            "container_definitions": "[{\"cpu\":0,\"environment\":[{\"name\":\"AWS_STS_REGIONAL_ENDPOINTS\",\"value\":\"regional\"},{\"name\":\"JAVA_TOOL_OPTIONS\",\"value\":\"-Xms256m -Xmx256m\"},{\"name\":\"SPRING_PROFILES_ACTIVE\",\"value\":\"production-gov\"}],\"essential\":true,\"image\":\"050779347855.dkr.ecr.us-gov-west-1.amazonaws.com/survey-form-service:1.0-8\",\"logConfiguration\":{\"logDriver\":\"awslogs\",\"options\":{\"awslogs-group\":\"survey-form-service\",\"awslogs-multiline-pattern\":\"^[0-9]{4}[^\\\\s]\",\"awslogs-region\":\"us-gov-west-1\",\"awslogs-stream-prefix\":\"1.0-8\"}},\"memoryReservation\":416,\"mountPoints\":[{\"containerPath\":\"/etc/xray\",\"readOnly\":true,\"sourceVolume\":\"xray-daemon\"}],\"name\":\"survey-form-service\",\"portMappings\":[{\"containerPort\":8291,\"hostPort\":8291,\"protocol\":\"tcp\"}],\"volumesFrom\":[]}]",
            "cpu": "",
            "ephemeral_storage": [],
            "execution_role_arn": "",
            "family": "survey-form-service",
            "id": "survey-form-service",
            "inference_accelerator": [],
            "ipc_mode": "",
            "memory": "",
            "network_mode": "bridge",
            "pid_mode": "",
            "placement_constraints": [],
            "proxy_configuration": [],
            "requires_compatibilities": [],
            "revision": 2,
            "runtime_platform": [],
            "skip_destroy": null,
            "tags": {
              "Version": "1.0-8"
            },
            "tags_all": {
              "Version": "1.0-8"
            },
            "task_role_arn": "arn:aws-us-gov:iam::050779347855:role/web-app-survey-form-service",
            "volume": [
              {
                "docker_volume_configuration": [],
                "efs_volume_configuration": [],
                "fsx_windows_file_server_volume_configuration": [],
                "host_path": "/ecs/xray/daemon",
                "name": "xray-daemon"
              }
            ]
          },
          "sensitive_attributes": []
        }
      ]
    },
    {
      "mode": "managed",
      "type": "aws_ecs_task_definition",
      "name": "team_service",
      "provider": "provider[\"registry.terraform.io/hashicorp/aws\"]",
      "instances": [
        {
          "schema_version": 1,
          "attributes": {
            "arn": "arn:aws-us-gov:ecs:us-gov-west-1:050779347855:task-definition/team-service:4",
            "arn_without_revision": "arn:aws-us-gov:ecs:us-gov-west-1:050779347855:task-definition/team-service",
            "container_definitions": "[{\"cpu\":0,\"environment\":[{\"name\":\"AWS_STS_REGIONAL_ENDPOINTS\",\"value\":\"regional\"},{\"name\":\"JAVA_TOOL_OPTIONS\",\"value\":\"-Xms256m -Xmx256m\"},{\"name\":\"SPRING_PROFILES_ACTIVE\",\"value\":\"production-gov\"}],\"essential\":true,\"image\":\"050779347855.dkr.ecr.us-gov-west-1.amazonaws.com/team-service:1.0-135\",\"logConfiguration\":{\"logDriver\":\"awslogs\",\"options\":{\"awslogs-group\":\"team-service\",\"awslogs-multiline-pattern\":\"^[0-9]{4}[^\\\\s]\",\"awslogs-region\":\"us-gov-west-1\",\"awslogs-stream-prefix\":\"1.0-135\"}},\"memoryReservation\":416,\"mountPoints\":[{\"containerPath\":\"/etc/xray\",\"readOnly\":true,\"sourceVolume\":\"xray-daemon\"}],\"name\":\"team-service\",\"portMappings\":[{\"containerPort\":8256,\"hostPort\":8256,\"protocol\":\"tcp\"}],\"volumesFrom\":[]}]",
            "cpu": "",
            "ephemeral_storage": [],
            "execution_role_arn": "",
            "family": "team-service",
            "id": "team-service",
            "inference_accelerator": [],
            "ipc_mode": "",
            "memory": "",
            "network_mode": "bridge",
            "pid_mode": "",
            "placement_constraints": [],
            "proxy_configuration": [],
            "requires_compatibilities": [],
            "revision": 4,
            "runtime_platform": [],
            "skip_destroy": null,
            "tags": {
              "Version": "1.0-135"
            },
            "tags_all": {
              "Version": "1.0-135"
            },
            "task_role_arn": "arn:aws-us-gov:iam::050779347855:role/web-app-team-service",
            "volume": [
              {
                "docker_volume_configuration": [],
                "efs_volume_configuration": [],
                "fsx_windows_file_server_volume_configuration": [],
                "host_path": "/ecs/xray/daemon",
                "name": "xray-daemon"
              }
            ]
          },
          "sensitive_attributes": []
        }
      ]
    },
    {
      "mode": "managed",
      "type": "aws_ecs_task_definition",
      "name": "tenant_configuration_service",
      "provider": "provider[\"registry.terraform.io/hashicorp/aws\"]",
      "instances": [
        {
          "schema_version": 1,
          "attributes": {
            "arn": "arn:aws-us-gov:ecs:us-gov-west-1:050779347855:task-definition/tenant-configuration-service:8",
            "arn_without_revision": "arn:aws-us-gov:ecs:us-gov-west-1:050779347855:task-definition/tenant-configuration-service",
            "container_definitions": "[{\"cpu\":0,\"environment\":[{\"name\":\"AWS_STS_REGIONAL_ENDPOINTS\",\"value\":\"regional\"},{\"name\":\"JAVA_TOOL_OPTIONS\",\"value\":\"-Xms256m -Xmx256m\"},{\"name\":\"SPRING_PROFILES_ACTIVE\",\"value\":\"production-gov\"}],\"essential\":true,\"image\":\"050779347855.dkr.ecr.us-gov-west-1.amazonaws.com/tenant-configuration-service:1.0-55\",\"logConfiguration\":{\"logDriver\":\"awslogs\",\"options\":{\"awslogs-group\":\"tenant-configuration-service\",\"awslogs-multiline-pattern\":\"^[0-9]{4}[^\\\\s]\",\"awslogs-region\":\"us-gov-west-1\",\"awslogs-stream-prefix\":\"1.0-55\"}},\"memoryReservation\":416,\"mountPoints\":[{\"containerPath\":\"/etc/xray\",\"readOnly\":true,\"sourceVolume\":\"xray-daemon\"}],\"name\":\"tenant-configuration-service\",\"portMappings\":[{\"containerPort\":8241,\"hostPort\":8241,\"protocol\":\"tcp\"}],\"volumesFrom\":[]}]",
            "cpu": "",
            "ephemeral_storage": [],
            "execution_role_arn": "",
            "family": "tenant-configuration-service",
            "id": "tenant-configuration-service",
            "inference_accelerator": [],
            "ipc_mode": "",
            "memory": "",
            "network_mode": "bridge",
            "pid_mode": "",
            "placement_constraints": [],
            "proxy_configuration": [],
            "requires_compatibilities": [],
            "revision": 8,
            "runtime_platform": [],
            "skip_destroy": null,
            "tags": {
              "Version": "1.0-55"
            },
            "tags_all": {
              "Version": "1.0-55"
            },
            "task_role_arn": "arn:aws-us-gov:iam::050779347855:role/web-app-tenant-configuration-service",
            "volume": [
              {
                "docker_volume_configuration": [],
                "efs_volume_configuration": [],
                "fsx_windows_file_server_volume_configuration": [],
                "host_path": "/ecs/xray/daemon",
                "name": "xray-daemon"
              }
            ]
          },
          "sensitive_attributes": []
        }
      ]
    },
    {
      "mode": "managed",
      "type": "aws_ecs_task_definition",
      "name": "tenant_host_domain_service",
      "provider": "provider[\"registry.terraform.io/hashicorp/aws\"]",
      "instances": [
        {
          "schema_version": 1,
          "attributes": {
            "arn": "arn:aws-us-gov:ecs:us-gov-west-1:050779347855:task-definition/tenant-host-domain-service:5",
            "arn_without_revision": "arn:aws-us-gov:ecs:us-gov-west-1:050779347855:task-definition/tenant-host-domain-service",
            "container_definitions": "[{\"cpu\":0,\"environment\":[{\"name\":\"JAVA_TOOL_OPTIONS\",\"value\":\"-Xms256m -Xmx256m\"},{\"name\":\"SPRING_PROFILES_ACTIVE\",\"value\":\"production-gov\"}],\"essential\":true,\"image\":\"050779347855.dkr.ecr.us-gov-west-1.amazonaws.com/tenant-host-domain-service:1.0-20\",\"logConfiguration\":{\"logDriver\":\"awslogs\",\"options\":{\"awslogs-group\":\"tenant-host-domain-service\",\"awslogs-multiline-pattern\":\"^[0-9]{4}[^\\\\s]\",\"awslogs-region\":\"us-gov-west-1\",\"awslogs-stream-prefix\":\"1.0-20\"}},\"memoryReservation\":416,\"mountPoints\":[{\"containerPath\":\"/etc/xray\",\"readOnly\":true,\"sourceVolume\":\"xray-daemon\"}],\"name\":\"tenant-host-domain-service\",\"portMappings\":[{\"containerPort\":8222,\"hostPort\":8222,\"protocol\":\"tcp\"}],\"volumesFrom\":[]}]",
            "cpu": "",
            "ephemeral_storage": [],
            "execution_role_arn": "",
            "family": "tenant-host-domain-service",
            "id": "tenant-host-domain-service",
            "inference_accelerator": [],
            "ipc_mode": "",
            "memory": "",
            "network_mode": "bridge",
            "pid_mode": "",
            "placement_constraints": [],
            "proxy_configuration": [],
            "requires_compatibilities": [],
            "revision": 5,
            "runtime_platform": [],
            "skip_destroy": null,
            "tags": {
              "Version": "1.0-20"
            },
            "tags_all": {
              "Version": "1.0-20"
            },
            "task_role_arn": "arn:aws-us-gov:iam::050779347855:role/web-app-tenant-host-domain-service",
            "volume": [
              {
                "docker_volume_configuration": [],
                "efs_volume_configuration": [],
                "fsx_windows_file_server_volume_configuration": [],
                "host_path": "/ecs/xray/daemon",
                "name": "xray-daemon"
              }
            ]
          },
          "sensitive_attributes": []
        }
      ]
    },
    {
      "mode": "managed",
      "type": "aws_ecs_task_definition",
      "name": "tenant_user_configuration_service",
      "provider": "provider[\"registry.terraform.io/hashicorp/aws\"]",
      "instances": [
        {
          "schema_version": 1,
          "attributes": {
            "arn": "arn:aws-us-gov:ecs:us-gov-west-1:050779347855:task-definition/tenant-user-configuration-service:10",
            "arn_without_revision": "arn:aws-us-gov:ecs:us-gov-west-1:050779347855:task-definition/tenant-user-configuration-service",
            "container_definitions": "[{\"cpu\":0,\"environment\":[{\"name\":\"AWS_STS_REGIONAL_ENDPOINTS\",\"value\":\"regional\"},{\"name\":\"JAVA_TOOL_OPTIONS\",\"value\":\"-Xms256m -Xmx640m\"},{\"name\":\"SPRING_PROFILES_ACTIVE\",\"value\":\"production-gov\"}],\"essential\":true,\"image\":\"050779347855.dkr.ecr.us-gov-west-1.amazonaws.com/tenant-user-configuration-service:1.0-57\",\"logConfiguration\":{\"logDriver\":\"awslogs\",\"options\":{\"awslogs-group\":\"tenant-user-configuration-service\",\"awslogs-multiline-pattern\":\"^[0-9]{4}[^\\\\s]\",\"awslogs-region\":\"us-gov-west-1\",\"awslogs-stream-prefix\":\"1.0-57\"}},\"memoryReservation\":896,\"mountPoints\":[{\"containerPath\":\"/etc/xray\",\"readOnly\":true,\"sourceVolume\":\"xray-daemon\"}],\"name\":\"tenant-user-configuration-service\",\"portMappings\":[{\"containerPort\":8261,\"hostPort\":8261,\"protocol\":\"tcp\"}],\"volumesFrom\":[]}]",
            "cpu": "",
            "ephemeral_storage": [],
            "execution_role_arn": "",
            "family": "tenant-user-configuration-service",
            "id": "tenant-user-configuration-service",
            "inference_accelerator": [],
            "ipc_mode": "",
            "memory": "",
            "network_mode": "bridge",
            "pid_mode": "",
            "placement_constraints": [],
            "proxy_configuration": [],
            "requires_compatibilities": [],
            "revision": 10,
            "runtime_platform": [],
            "skip_destroy": null,
            "tags": {
              "Version": "1.0-57"
            },
            "tags_all": {
              "Version": "1.0-57"
            },
            "task_role_arn": "arn:aws-us-gov:iam::050779347855:role/web-app-tenant-user-configuration-service",
            "volume": [
              {
                "docker_volume_configuration": [],
                "efs_volume_configuration": [],
                "fsx_windows_file_server_volume_configuration": [],
                "host_path": "/ecs/xray/daemon",
                "name": "xray-daemon"
              }
            ]
          },
          "sensitive_attributes": []
        }
      ]
    },
    {
      "mode": "managed",
      "type": "aws_ecs_task_definition",
      "name": "user_data_service",
      "provider": "provider[\"registry.terraform.io/hashicorp/aws\"]",
      "instances": [
        {
          "schema_version": 1,
          "attributes": {
            "arn": "arn:aws-us-gov:ecs:us-gov-west-1:050779347855:task-definition/user-data-service:11",
            "arn_without_revision": "arn:aws-us-gov:ecs:us-gov-west-1:050779347855:task-definition/user-data-service",
            "container_definitions": "[{\"cpu\":0,\"environment\":[{\"name\":\"AWS_STS_REGIONAL_ENDPOINTS\",\"value\":\"regional\"},{\"name\":\"JAVA_TOOL_OPTIONS\",\"value\":\"-Xms256m -Xmx256m\"},{\"name\":\"SPRING_PROFILES_ACTIVE\",\"value\":\"production-gov\"}],\"essential\":true,\"image\":\"050779347855.dkr.ecr.us-gov-west-1.amazonaws.com/user-data-service:2.0-127\",\"logConfiguration\":{\"logDriver\":\"awslogs\",\"options\":{\"awslogs-group\":\"user-data-service\",\"awslogs-multiline-pattern\":\"^[0-9]{4}[^\\\\s]\",\"awslogs-region\":\"us-gov-west-1\",\"awslogs-stream-prefix\":\"2.0-127\"}},\"memoryReservation\":416,\"mountPoints\":[{\"containerPath\":\"/etc/xray\",\"readOnly\":true,\"sourceVolume\":\"xray-daemon\"}],\"name\":\"user-data-service\",\"portMappings\":[{\"containerPort\":8264,\"hostPort\":8264,\"protocol\":\"tcp\"}],\"volumesFrom\":[]}]",
            "cpu": "",
            "ephemeral_storage": [],
            "execution_role_arn": "",
            "family": "user-data-service",
            "id": "user-data-service",
            "inference_accelerator": [],
            "ipc_mode": "",
            "memory": "",
            "network_mode": "bridge",
            "pid_mode": "",
            "placement_constraints": [],
            "proxy_configuration": [],
            "requires_compatibilities": [],
            "revision": 11,
            "runtime_platform": [],
            "skip_destroy": null,
            "tags": {
              "Version": "2.0-127"
            },
            "tags_all": {
              "Version": "2.0-127"
            },
            "task_role_arn": "arn:aws-us-gov:iam::050779347855:role/web-app-user-data-service",
            "volume": [
              {
                "docker_volume_configuration": [],
                "efs_volume_configuration": [],
                "fsx_windows_file_server_volume_configuration": [],
                "host_path": "/ecs/xray/daemon",
                "name": "xray-daemon"
              }
            ]
          },
          "sensitive_attributes": []
        }
      ]
    },
    {
      "mode": "managed",
      "type": "aws_ecs_task_definition",
      "name": "xapi_service",
      "provider": "provider[\"registry.terraform.io/hashicorp/aws\"]",
      "instances": [
        {
          "schema_version": 1,
          "attributes": {
            "arn": "arn:aws-us-gov:ecs:us-gov-west-1:050779347855:task-definition/xapi-service:6",
            "arn_without_revision": "arn:aws-us-gov:ecs:us-gov-west-1:050779347855:task-definition/xapi-service",
            "container_definitions": "[{\"cpu\":0,\"environment\":[{\"name\":\"AWS_STS_REGIONAL_ENDPOINTS\",\"value\":\"regional\"},{\"name\":\"JAVA_TOOL_OPTIONS\",\"value\":\"-Xms256m -Xmx256m\"},{\"name\":\"SPRING_PROFILES_ACTIVE\",\"value\":\"production-gov\"}],\"essential\":true,\"image\":\"050779347855.dkr.ecr.us-gov-west-1.amazonaws.com/xapi-service:1.0-1\",\"logConfiguration\":{\"logDriver\":\"awslogs\",\"options\":{\"awslogs-group\":\"xapi-service\",\"awslogs-multiline-pattern\":\"^[0-9]{4}[^\\\\s]\",\"awslogs-region\":\"us-gov-west-1\",\"awslogs-stream-prefix\":\"1.0-1\"}},\"memoryReservation\":416,\"mountPoints\":[{\"containerPath\":\"/etc/xray\",\"readOnly\":true,\"sourceVolume\":\"xray-daemon\"}],\"name\":\"xapi-service\",\"portMappings\":[{\"containerPort\":8295,\"hostPort\":8295,\"protocol\":\"tcp\"}],\"volumesFrom\":[]}]",
            "cpu": "",
            "ephemeral_storage": [],
            "execution_role_arn": "",
            "family": "xapi-service",
            "id": "xapi-service",
            "inference_accelerator": [],
            "ipc_mode": "",
            "memory": "",
            "network_mode": "bridge",
            "pid_mode": "",
            "placement_constraints": [],
            "proxy_configuration": [],
            "requires_compatibilities": [],
            "revision": 6,
            "runtime_platform": [],
            "skip_destroy": null,
            "tags": {
              "Version": "1.0-1"
            },
            "tags_all": {
              "Version": "1.0-1"
            },
            "task_role_arn": "arn:aws-us-gov:iam::050779347855:role/web-app-xapi-service",
            "volume": [
              {
                "docker_volume_configuration": [],
                "efs_volume_configuration": [],
                "fsx_windows_file_server_volume_configuration": [],
                "host_path": "/ecs/xray/daemon",
                "name": "xray-daemon"
              }
            ]
          },
          "sensitive_attributes": []
        }
      ]
    }
  ],
  "check_results": null
}
