{
  "version": 4,
  "terraform_version": "1.3.6",
  "serial": 2,
  "lineage": "",
  "outputs": {},
  "resources": [
    {
      "mode": "managed",
      "type": "aws_default_network_acl",
      "name": "acl_0b496595344b7c906",
      "provider": "provider[\"registry.terraform.io/hashicorp/aws\"]",
      "instances": [
        {
          "schema_version": 0,
          "attributes": {
            "arn": "arn:aws-us-gov:ec2:us-gov-west-1:050779347855:network-acl/acl-0b496595344b7c906",
            "default_network_acl_id": "acl-0b496595344b7c906",
            "egress": [
              {
                "action": "allow",
                "cidr_block": "0.0.0.0/0",
                "from_port": 0,
                "icmp_code": 0,
                "icmp_type": 0,
                "ipv6_cidr_block": "",
                "protocol": "-1",
                "rule_no": 100,
                "to_port": 0
              }
            ],
            "id": "acl-0b496595344b7c906",
            "ingress": [
              {
                "action": "allow",
                "cidr_block": "0.0.0.0/0",
                "from_port": 0,
                "icmp_code": 0,
                "icmp_type": 0,
                "ipv6_cidr_block": "",
                "protocol": "-1",
                "rule_no": 100,
                "to_port": 0
              }
            ],
            "owner_id": "050779347855",
            "subnet_ids": [],
            "tags": {},
            "tags_all": {},
            "vpc_id": "vpc-062a9bb71430eda86"
          },
          "sensitive_attributes": []
        }
      ]
    },
    {
      "mode": "managed",
      "type": "aws_default_network_acl",
      "name": "acl_0d49a9e8319454d86",
      "provider": "provider[\"registry.terraform.io/hashicorp/aws\"]",
      "instances": [
        {
          "schema_version": 0,
          "attributes": {
            "arn": "arn:aws-us-gov:ec2:us-gov-west-1:050779347855:network-acl/acl-0d49a9e8319454d86",
            "default_network_acl_id": "acl-0d49a9e8319454d86",
            "egress": [
              {
                "action": "allow",
                "cidr_block": "0.0.0.0/0",
                "from_port": 0,
                "icmp_code": 0,
                "icmp_type": 0,
                "ipv6_cidr_block": "",
                "protocol": "-1",
                "rule_no": 100,
                "to_port": 0
              }
            ],
            "id": "acl-0d49a9e8319454d86",
            "ingress": [
              {
                "action": "allow",
                "cidr_block": "0.0.0.0/0",
                "from_port": 0,
                "icmp_code": 0,
                "icmp_type": 0,
                "ipv6_cidr_block": "",
                "protocol": "-1",
                "rule_no": 100,
                "to_port": 0
              }
            ],
            "owner_id": "050779347855",
            "subnet_ids": [],
            "tags": {},
            "tags_all": {},
            "vpc_id": "vpc-0c883d416072b2572"
          },
          "sensitive_attributes": []
        }
      ]
    },
    {
      "mode": "managed",
      "type": "aws_default_network_acl",
      "name": "acl_0f634e655422458e7",
      "provider": "provider[\"registry.terraform.io/hashicorp/aws\"]",
      "instances": [
        {
          "schema_version": 0,
          "attributes": {
            "arn": "arn:aws-us-gov:ec2:us-gov-west-1:050779347855:network-acl/acl-0f634e655422458e7",
            "default_network_acl_id": "acl-0f634e655422458e7",
            "egress": [
              {
                "action": "allow",
                "cidr_block": "0.0.0.0/0",
                "from_port": 0,
                "icmp_code": 0,
                "icmp_type": 0,
                "ipv6_cidr_block": "",
                "protocol": "-1",
                "rule_no": 100,
                "to_port": 0
              }
            ],
            "id": "acl-0f634e655422458e7",
            "ingress": [
              {
                "action": "allow",
                "cidr_block": "0.0.0.0/0",
                "from_port": 0,
                "icmp_code": 0,
                "icmp_type": 0,
                "ipv6_cidr_block": "",
                "protocol": "-1",
                "rule_no": 100,
                "to_port": 0
              }
            ],
            "owner_id": "050779347855",
            "subnet_ids": [],
            "tags": {},
            "tags_all": {},
            "vpc_id": "vpc-0bd9acb7990b4154d"
          },
          "sensitive_attributes": []
        }
      ]
    },
    {
      "mode": "managed",
      "type": "aws_default_route_table",
      "name": "rtb_03ebd081b9afeb921",
      "provider": "provider[\"registry.terraform.io/hashicorp/aws\"]",
      "instances": [
        {
          "schema_version": 0,
          "attributes": {
            "arn": "arn:aws-us-gov:ec2:us-gov-west-1:050779347855:route-table/rtb-03ebd081b9afeb921",
            "default_route_table_id": "rtb-03ebd081b9afeb921",
            "id": "rtb-03ebd081b9afeb921",
            "owner_id": "050779347855",
            "propagating_vgws": [],
            "route": [],
            "tags": {},
            "tags_all": {},
            "timeouts": null,
            "vpc_id": "vpc-0c883d416072b2572"
          },
          "sensitive_attributes": []
        }
      ]
    },
    {
      "mode": "managed",
      "type": "aws_default_route_table",
      "name": "rtb_0650b3e5bc7cf549f",
      "provider": "provider[\"registry.terraform.io/hashicorp/aws\"]",
      "instances": [
        {
          "schema_version": 0,
          "attributes": {
            "arn": "arn:aws-us-gov:ec2:us-gov-west-1:050779347855:route-table/rtb-0650b3e5bc7cf549f",
            "default_route_table_id": "rtb-0650b3e5bc7cf549f",
            "id": "rtb-0650b3e5bc7cf549f",
            "owner_id": "050779347855",
            "propagating_vgws": [],
            "route": [],
            "tags": {},
            "tags_all": {},
            "timeouts": null,
            "vpc_id": "vpc-062a9bb71430eda86"
          },
          "sensitive_attributes": []
        }
      ]
    },
    {
      "mode": "managed",
      "type": "aws_default_route_table",
      "name": "rtb_0ffdd5c1eeea40e3b",
      "provider": "provider[\"registry.terraform.io/hashicorp/aws\"]",
      "instances": [
        {
          "schema_version": 0,
          "attributes": {
            "arn": "arn:aws-us-gov:ec2:us-gov-west-1:050779347855:route-table/rtb-0ffdd5c1eeea40e3b",
            "default_route_table_id": "rtb-0ffdd5c1eeea40e3b",
            "id": "rtb-0ffdd5c1eeea40e3b",
            "owner_id": "050779347855",
            "propagating_vgws": [],
            "route": [],
            "tags": {},
            "tags_all": {},
            "timeouts": null,
            "vpc_id": "vpc-0bd9acb7990b4154d"
          },
          "sensitive_attributes": []
        }
      ]
    },
    {
      "mode": "managed",
      "type": "aws_default_security_group",
      "name": "sg_0225c1bf65436ba5e",
      "provider": "provider[\"registry.terraform.io/hashicorp/aws\"]",
      "instances": [
        {
          "schema_version": 1,
          "attributes": {
            "arn": "arn:aws-us-gov:ec2:us-gov-west-1:050779347855:security-group/sg-0225c1bf65436ba5e",
            "description": "default VPC security group",
            "egress": [],
            "id": "sg-0225c1bf65436ba5e",
            "ingress": [],
            "name": "default",
            "name_prefix": "",
            "owner_id": "050779347855",
            "revoke_rules_on_delete": null,
            "tags": {},
            "tags_all": {},
            "vpc_id": "vpc-0bd9acb7990b4154d"
          },
          "sensitive_attributes": []
        }
      ]
    },
    {
      "mode": "managed",
      "type": "aws_default_security_group",
      "name": "sg_0453e5789d4470402",
      "provider": "provider[\"registry.terraform.io/hashicorp/aws\"]",
      "instances": [
        {
          "schema_version": 1,
          "attributes": {
            "arn": "arn:aws-us-gov:ec2:us-gov-west-1:050779347855:security-group/sg-0453e5789d4470402",
            "description": "default VPC security group",
            "egress": [],
            "id": "sg-0453e5789d4470402",
            "ingress": [],
            "name": "default",
            "name_prefix": "",
            "owner_id": "050779347855",
            "revoke_rules_on_delete": null,
            "tags": {},
            "tags_all": {},
            "vpc_id": "vpc-0c883d416072b2572"
          },
          "sensitive_attributes": []
        }
      ]
    },
    {
      "mode": "managed",
      "type": "aws_default_security_group",
      "name": "sg_0b4b0aecfd7841178",
      "provider": "provider[\"registry.terraform.io/hashicorp/aws\"]",
      "instances": [
        {
          "schema_version": 1,
          "attributes": {
            "arn": "arn:aws-us-gov:ec2:us-gov-west-1:050779347855:security-group/sg-0b4b0aecfd7841178",
            "description": "default VPC security group",
            "egress": [],
            "id": "sg-0b4b0aecfd7841178",
            "ingress": [],
            "name": "default",
            "name_prefix": "",
            "owner_id": "050779347855",
            "revoke_rules_on_delete": null,
            "tags": {},
            "tags_all": {},
            "vpc_id": "vpc-062a9bb71430eda86"
          },
          "sensitive_attributes": []
        }
      ]
    },
    {
      "mode": "managed",
      "type": "aws_flow_log",
      "name": "fl_03f5b01259cf1a971",
      "provider": "provider[\"registry.terraform.io/hashicorp/aws\"]",
      "instances": [
        {
          "schema_version": 0,
          "attributes": {
            "arn": "arn:aws-us-gov:ec2:us-gov-west-1:050779347855:vpc-flow-log/fl-03f5b01259cf1a971",
            "deliver_cross_account_role": "",
            "destination_options": [],
            "eni_id": null,
            "iam_role_arn": "arn:aws:iam::050779347855:role/FlowLogger",
            "id": "fl-03f5b01259cf1a971",
            "log_destination": "",
            "log_destination_type": "cloud-watch-logs",
            "log_format": "${version} ${account-id} ${interface-id} ${srcaddr} ${dstaddr} ${srcport} ${dstport} ${protocol} ${packets} ${bytes} ${start} ${end} ${action} ${log-status}",
            "log_group_name": "DeveloperToolsVpcFlowLogs",
            "max_aggregation_interval": 600,
            "subnet_id": null,
            "tags": {},
            "tags_all": {},
            "traffic_type": "ALL",
            "transit_gateway_attachment_id": null,
            "transit_gateway_id": null,
            "vpc_id": "vpc-0c883d416072b2572"
          },
          "sensitive_attributes": []
        }
      ]
    },
    {
      "mode": "managed",
      "type": "aws_flow_log",
      "name": "fl_07b95a53e786f9aa1",
      "provider": "provider[\"registry.terraform.io/hashicorp/aws\"]",
      "instances": [
        {
          "schema_version": 0,
          "attributes": {
            "arn": "arn:aws-us-gov:ec2:us-gov-west-1:050779347855:vpc-flow-log/fl-07b95a53e786f9aa1",
            "deliver_cross_account_role": "",
            "destination_options": [],
            "eni_id": null,
            "iam_role_arn": "arn:aws:iam::050779347855:role/FlowLogger",
            "id": "fl-07b95a53e786f9aa1",
            "log_destination": "",
            "log_destination_type": "cloud-watch-logs",
            "log_format": "${version} ${account-id} ${interface-id} ${srcaddr} ${dstaddr} ${srcport} ${dstport} ${protocol} ${packets} ${bytes} ${start} ${end} ${action} ${log-status}",
            "log_group_name": "ThirdPartyVpcFlowLogs",
            "max_aggregation_interval": 600,
            "subnet_id": null,
            "tags": {},
            "tags_all": {},
            "traffic_type": "ALL",
            "transit_gateway_attachment_id": null,
            "transit_gateway_id": null,
            "vpc_id": "vpc-062a9bb71430eda86"
          },
          "sensitive_attributes": []
        }
      ]
    },
    {
      "mode": "managed",
      "type": "aws_flow_log",
      "name": "fl_0b075cc86fe8fde6d",
      "provider": "provider[\"registry.terraform.io/hashicorp/aws\"]",
      "instances": [
        {
          "schema_version": 0,
          "attributes": {
            "arn": "arn:aws-us-gov:ec2:us-gov-west-1:050779347855:vpc-flow-log/fl-0b075cc86fe8fde6d",
            "deliver_cross_account_role": "",
            "destination_options": [
              {
                "file_format": "plain-text",
                "hive_compatible_partitions": false,
                "per_hour_partition": false
              }
            ],
            "eni_id": null,
            "iam_role_arn": "",
            "id": "fl-0b075cc86fe8fde6d",
            "log_destination": "arn:aws-us-gov:s3:::vpc-flowlogs-050779347855-vpc-0bd9acb7990b4154d",
            "log_destination_type": "s3",
            "log_format": "${version} ${account-id} ${interface-id} ${srcaddr} ${dstaddr} ${srcport} ${dstport} ${protocol} ${packets} ${bytes} ${start} ${end} ${action} ${log-status}",
            "log_group_name": "",
            "max_aggregation_interval": 600,
            "subnet_id": null,
            "tags": {},
            "tags_all": {},
            "traffic_type": "ALL",
            "transit_gateway_attachment_id": null,
            "transit_gateway_id": null,
            "vpc_id": "vpc-0bd9acb7990b4154d"
          },
          "sensitive_attributes": []
        }
      ]
    },
    {
      "mode": "managed",
      "type": "aws_internet_gateway",
      "name": "igw_0606c63cc605becd7",
      "provider": "provider[\"registry.terraform.io/hashicorp/aws\"]",
      "instances": [
        {
          "schema_version": 0,
          "attributes": {
            "arn": "arn:aws-us-gov:ec2:us-gov-west-1:050779347855:internet-gateway/igw-0606c63cc605becd7",
            "id": "igw-0606c63cc605becd7",
            "owner_id": "050779347855",
            "tags": {
              "Name": "ThirdParty"
            },
            "tags_all": {
              "Name": "ThirdParty"
            },
            "timeouts": null,
            "vpc_id": "vpc-062a9bb71430eda86"
          },
          "sensitive_attributes": []
        }
      ]
    },
    {
      "mode": "managed",
      "type": "aws_internet_gateway",
      "name": "igw_067fed3ddf94bbad0",
      "provider": "provider[\"registry.terraform.io/hashicorp/aws\"]",
      "instances": [
        {
          "schema_version": 0,
          "attributes": {
            "arn": "arn:aws-us-gov:ec2:us-gov-west-1:050779347855:internet-gateway/igw-067fed3ddf94bbad0",
            "id": "igw-067fed3ddf94bbad0",
            "owner_id": "050779347855",
            "tags": {
              "DeploymentEnvironment": "DeveloperTools",
              "Name": "DeveloperTools"
            },
            "tags_all": {
              "DeploymentEnvironment": "DeveloperTools",
              "Name": "DeveloperTools"
            },
            "timeouts": null,
            "vpc_id": "vpc-0c883d416072b2572"
          },
          "sensitive_attributes": []
        }
      ]
    },
    {
      "mode": "managed",
      "type": "aws_internet_gateway",
      "name": "igw_0fd5d14925b7fcf92",
      "provider": "provider[\"registry.terraform.io/hashicorp/aws\"]",
      "instances": [
        {
          "schema_version": 0,
          "attributes": {
            "arn": "arn:aws-us-gov:ec2:us-gov-west-1:050779347855:internet-gateway/igw-0fd5d14925b7fcf92",
            "id": "igw-0fd5d14925b7fcf92",
            "owner_id": "050779347855",
            "tags": {
              "DeploymentEnvironment": "production",
              "Name": "production"
            },
            "tags_all": {
              "DeploymentEnvironment": "production",
              "Name": "production"
            },
            "timeouts": null,
            "vpc_id": "vpc-0bd9acb7990b4154d"
          },
          "sensitive_attributes": []
        }
      ]
    },
    {
      "mode": "managed",
      "type": "aws_internet_gateway_attachment",
      "name": "igw_0606c63cc605becd7_vpc_062a9bb71430eda86",
      "provider": "provider[\"registry.terraform.io/hashicorp/aws\"]",
      "instances": [
        {
          "schema_version": 0,
          "attributes": {
            "id": "igw-0606c63cc605becd7:vpc-062a9bb71430eda86",
            "internet_gateway_id": "igw-0606c63cc605becd7",
            "timeouts": null,
            "vpc_id": "vpc-062a9bb71430eda86"
          },
          "sensitive_attributes": []
        }
      ]
    },
    {
      "mode": "managed",
      "type": "aws_internet_gateway_attachment",
      "name": "igw_067fed3ddf94bbad0_vpc_0c883d416072b2572",
      "provider": "provider[\"registry.terraform.io/hashicorp/aws\"]",
      "instances": [
        {
          "schema_version": 0,
          "attributes": {
            "id": "igw-067fed3ddf94bbad0:vpc-0c883d416072b2572",
            "internet_gateway_id": "igw-067fed3ddf94bbad0",
            "timeouts": null,
            "vpc_id": "vpc-0c883d416072b2572"
          },
          "sensitive_attributes": []
        }
      ]
    },
    {
      "mode": "managed",
      "type": "aws_internet_gateway_attachment",
      "name": "igw_0fd5d14925b7fcf92_vpc_0bd9acb7990b4154d",
      "provider": "provider[\"registry.terraform.io/hashicorp/aws\"]",
      "instances": [
        {
          "schema_version": 0,
          "attributes": {
            "id": "igw-0fd5d14925b7fcf92:vpc-0bd9acb7990b4154d",
            "internet_gateway_id": "igw-0fd5d14925b7fcf92",
            "timeouts": null,
            "vpc_id": "vpc-0bd9acb7990b4154d"
          },
          "sensitive_attributes": []
        }
      ]
    },
    {
      "mode": "managed",
      "type": "aws_main_route_table_association",
      "name": "rtbassoc_019c55517b659ea2a",
      "provider": "provider[\"registry.terraform.io/hashicorp/aws\"]",
      "instances": [
        {
          "schema_version": 0,
          "attributes": {
            "id": "rtbassoc-019c55517b659ea2a",
            "original_route_table_id": null,
            "route_table_id": "rtb-03ebd081b9afeb921",
            "timeouts": null,
            "vpc_id": "vpc-0c883d416072b2572"
          },
          "sensitive_attributes": []
        }
      ]
    },
    {
      "mode": "managed",
      "type": "aws_main_route_table_association",
      "name": "rtbassoc_0463f6a7eb1e50b8a",
      "provider": "provider[\"registry.terraform.io/hashicorp/aws\"]",
      "instances": [
        {
          "schema_version": 0,
          "attributes": {
            "id": "rtbassoc-0463f6a7eb1e50b8a",
            "original_route_table_id": null,
            "route_table_id": "rtb-0650b3e5bc7cf549f",
            "timeouts": null,
            "vpc_id": "vpc-062a9bb71430eda86"
          },
          "sensitive_attributes": []
        }
      ]
    },
    {
      "mode": "managed",
      "type": "aws_main_route_table_association",
      "name": "rtbassoc_075d0a4f5a2f21422",
      "provider": "provider[\"registry.terraform.io/hashicorp/aws\"]",
      "instances": [
        {
          "schema_version": 0,
          "attributes": {
            "id": "rtbassoc-075d0a4f5a2f21422",
            "original_route_table_id": null,
            "route_table_id": "rtb-0ffdd5c1eeea40e3b",
            "timeouts": null,
            "vpc_id": "vpc-0bd9acb7990b4154d"
          },
          "sensitive_attributes": []
        }
      ]
    },
    {
      "mode": "managed",
      "type": "aws_nat_gateway",
      "name": "nat_0955f97e2eb10272c",
      "provider": "provider[\"registry.terraform.io/hashicorp/aws\"]",
      "instances": [
        {
          "schema_version": 0,
          "attributes": {
            "allocation_id": "eipalloc-0c9b5e5bd9c1d6c09",
            "association_id": "eipassoc-0cb96dd88da8fa224",
            "connectivity_type": "public",
            "id": "nat-0955f97e2eb10272c",
            "network_interface_id": "eni-0dfd8f3096c9ffa54",
            "private_ip": "10.21.152.181",
            "public_ip": "15.200.30.81",
            "subnet_id": "subnet-07402e5b661b23bec",
            "tags": {
              "DeploymentEnvironment": "production",
              "Name": "production-nat-b"
            },
            "tags_all": {
              "DeploymentEnvironment": "production",
              "Name": "production-nat-b"
            }
          },
          "sensitive_attributes": []
        }
      ]
    },
    {
      "mode": "managed",
      "type": "aws_nat_gateway",
      "name": "nat_0a9c5c1c49f952d26",
      "provider": "provider[\"registry.terraform.io/hashicorp/aws\"]",
      "instances": [
        {
          "schema_version": 0,
          "attributes": {
            "allocation_id": "eipalloc-06f59b0695ed32e75",
            "association_id": "eipassoc-020ccae25ecb5002e",
            "connectivity_type": "public",
            "id": "nat-0a9c5c1c49f952d26",
            "network_interface_id": "eni-09685d9f264b9b1d1",
            "private_ip": "10.21.130.178",
            "public_ip": "15.205.109.48",
            "subnet_id": "subnet-0680aa96bc65f072d",
            "tags": {
              "DeploymentEnvironment": "production",
              "Name": "production-nat-a"
            },
            "tags_all": {
              "DeploymentEnvironment": "production",
              "Name": "production-nat-a"
            }
          },
          "sensitive_attributes": []
        }
      ]
    },
    {
      "mode": "managed",
      "type": "aws_nat_gateway",
      "name": "nat_0d8b2f0ad23aa7527",
      "provider": "provider[\"registry.terraform.io/hashicorp/aws\"]",
      "instances": [
        {
          "schema_version": 0,
          "attributes": {
            "allocation_id": "eipalloc-09ccddf6c47a6ae4a",
            "association_id": "eipassoc-00ee35b4077e0cd1d",
            "connectivity_type": "public",
            "id": "nat-0d8b2f0ad23aa7527",
            "network_interface_id": "eni-0c2cb6f8cf90d2de1",
            "private_ip": "10.21.165.210",
            "public_ip": "3.32.199.135",
            "subnet_id": "subnet-076f8b852c6b60060",
            "tags": {
              "DeploymentEnvironment": "production",
              "Name": "production-nat-c"
            },
            "tags_all": {
              "DeploymentEnvironment": "production",
              "Name": "production-nat-c"
            }
          },
          "sensitive_attributes": []
        }
      ]
    },
    {
      "mode": "managed",
      "type": "aws_network_acl",
      "name": "acl_02870bd3064cb0e80",
      "provider": "provider[\"registry.terraform.io/hashicorp/aws\"]",
      "instances": [
        {
          "schema_version": 0,
          "attributes": {
            "arn": "arn:aws-us-gov:ec2:us-gov-west-1:050779347855:network-acl/acl-02870bd3064cb0e80",
            "egress": [
              {
                "action": "allow",
                "cidr_block": "0.0.0.0/0",
                "from_port": 1024,
                "icmp_code": 0,
                "icmp_type": 0,
                "ipv6_cidr_block": "",
                "protocol": "6",
                "rule_no": 140,
                "to_port": 65535
              },
              {
                "action": "allow",
                "cidr_block": "0.0.0.0/0",
                "from_port": 22,
                "icmp_code": 0,
                "icmp_type": 0,
                "ipv6_cidr_block": "",
                "protocol": "6",
                "rule_no": 120,
                "to_port": 22
              },
              {
                "action": "allow",
                "cidr_block": "0.0.0.0/0",
                "from_port": 25,
                "icmp_code": 0,
                "icmp_type": 0,
                "ipv6_cidr_block": "",
                "protocol": "6",
                "rule_no": 122,
                "to_port": 25
              },
              {
                "action": "allow",
                "cidr_block": "0.0.0.0/0",
                "from_port": 443,
                "icmp_code": 0,
                "icmp_type": 0,
                "ipv6_cidr_block": "",
                "protocol": "6",
                "rule_no": 110,
                "to_port": 443
              },
              {
                "action": "allow",
                "cidr_block": "0.0.0.0/0",
                "from_port": 80,
                "icmp_code": 0,
                "icmp_type": 0,
                "ipv6_cidr_block": "",
                "protocol": "6",
                "rule_no": 100,
                "to_port": 80
              }
            ],
            "id": "acl-02870bd3064cb0e80",
            "ingress": [
              {
                "action": "allow",
                "cidr_block": "0.0.0.0/0",
                "from_port": 1024,
                "icmp_code": 0,
                "icmp_type": 0,
                "ipv6_cidr_block": "",
                "protocol": "6",
                "rule_no": 500,
                "to_port": 65535
              },
              {
                "action": "allow",
                "cidr_block": "0.0.0.0/0",
                "from_port": 22,
                "icmp_code": 0,
                "icmp_type": 0,
                "ipv6_cidr_block": "",
                "protocol": "6",
                "rule_no": 140,
                "to_port": 22
              },
              {
                "action": "allow",
                "cidr_block": "0.0.0.0/0",
                "from_port": 443,
                "icmp_code": 0,
                "icmp_type": 0,
                "ipv6_cidr_block": "",
                "protocol": "6",
                "rule_no": 110,
                "to_port": 443
              },
              {
                "action": "allow",
                "cidr_block": "0.0.0.0/0",
                "from_port": 80,
                "icmp_code": 0,
                "icmp_type": 0,
                "ipv6_cidr_block": "",
                "protocol": "6",
                "rule_no": 100,
                "to_port": 80
              },
              {
                "action": "deny",
                "cidr_block": "0.0.0.0/0",
                "from_port": 5432,
                "icmp_code": 0,
                "icmp_type": 0,
                "ipv6_cidr_block": "",
                "protocol": "6",
                "rule_no": 190,
                "to_port": 5432
              },
              {
                "action": "deny",
                "cidr_block": "0.0.0.0/0",
                "from_port": 8080,
                "icmp_code": 0,
                "icmp_type": 0,
                "ipv6_cidr_block": "",
                "protocol": "6",
                "rule_no": 180,
                "to_port": 8080
              }
            ],
            "owner_id": "050779347855",
            "subnet_ids": [
              "subnet-00624cc56bc520484",
              "subnet-08f964badcff95e70",
              "subnet-0a92863259a3cd002"
            ],
            "tags": {
              "Name": "ThirdParty-PublicAcl"
            },
            "tags_all": {
              "Name": "ThirdParty-PublicAcl"
            },
            "vpc_id": "vpc-062a9bb71430eda86"
          },
          "sensitive_attributes": []
        }
      ]
    },
    {
      "mode": "managed",
      "type": "aws_network_acl",
      "name": "acl_066a348fb81dcaef3",
      "provider": "provider[\"registry.terraform.io/hashicorp/aws\"]",
      "instances": [
        {
          "schema_version": 0,
          "attributes": {
            "arn": "arn:aws-us-gov:ec2:us-gov-west-1:050779347855:network-acl/acl-066a348fb81dcaef3",
            "egress": [
              {
                "action": "allow",
                "cidr_block": "0.0.0.0/0",
                "from_port": 443,
                "icmp_code": 0,
                "icmp_type": 0,
                "ipv6_cidr_block": "",
                "protocol": "6",
                "rule_no": 110,
                "to_port": 443
              },
              {
                "action": "allow",
                "cidr_block": "0.0.0.0/0",
                "from_port": 80,
                "icmp_code": 0,
                "icmp_type": 0,
                "ipv6_cidr_block": "",
                "protocol": "6",
                "rule_no": 100,
                "to_port": 80
              },
              {
                "action": "allow",
                "cidr_block": "10.21.0.0/16",
                "from_port": 1024,
                "icmp_code": 0,
                "icmp_type": 0,
                "ipv6_cidr_block": "",
                "protocol": "6",
                "rule_no": 120,
                "to_port": 65535
              }
            ],
            "id": "acl-066a348fb81dcaef3",
            "ingress": [
              {
                "action": "allow",
                "cidr_block": "0.0.0.0/0",
                "from_port": 1024,
                "icmp_code": 0,
                "icmp_type": 0,
                "ipv6_cidr_block": "",
                "protocol": "6",
                "rule_no": 540,
                "to_port": 65535
              },
              {
                "action": "allow",
                "cidr_block": "10.21.0.0/16",
                "from_port": 1024,
                "icmp_code": 0,
                "icmp_type": 0,
                "ipv6_cidr_block": "",
                "protocol": "6",
                "rule_no": 130,
                "to_port": 65535
              },
              {
                "action": "allow",
                "cidr_block": "10.21.0.0/16",
                "from_port": 22,
                "icmp_code": 0,
                "icmp_type": 0,
                "ipv6_cidr_block": "",
                "protocol": "6",
                "rule_no": 120,
                "to_port": 22
              },
              {
                "action": "allow",
                "cidr_block": "10.21.0.0/16",
                "from_port": 443,
                "icmp_code": 0,
                "icmp_type": 0,
                "ipv6_cidr_block": "",
                "protocol": "6",
                "rule_no": 110,
                "to_port": 443
              },
              {
                "action": "allow",
                "cidr_block": "10.21.0.0/16",
                "from_port": 80,
                "icmp_code": 0,
                "icmp_type": 0,
                "ipv6_cidr_block": "",
                "protocol": "6",
                "rule_no": 100,
                "to_port": 80
              }
            ],
            "owner_id": "050779347855",
            "subnet_ids": [
              "subnet-04e27b7af0a76d7ee",
              "subnet-05203dc92b0823553",
              "subnet-096303542f2113a20"
            ],
            "tags": {
              "DeploymentEnvironment": "production",
              "Name": "production-PrivateAcl"
            },
            "tags_all": {
              "DeploymentEnvironment": "production",
              "Name": "production-PrivateAcl"
            },
            "vpc_id": "vpc-0bd9acb7990b4154d"
          },
          "sensitive_attributes": []
        }
      ]
    },
    {
      "mode": "managed",
      "type": "aws_network_acl",
      "name": "acl_0a8f17f3dfe0678ad",
      "provider": "provider[\"registry.terraform.io/hashicorp/aws\"]",
      "instances": [
        {
          "schema_version": 0,
          "attributes": {
            "arn": "arn:aws-us-gov:ec2:us-gov-west-1:050779347855:network-acl/acl-0a8f17f3dfe0678ad",
            "egress": [
              {
                "action": "allow",
                "cidr_block": "0.0.0.0/0",
                "from_port": 1024,
                "icmp_code": 0,
                "icmp_type": 0,
                "ipv6_cidr_block": "",
                "protocol": "6",
                "rule_no": 540,
                "to_port": 65535
              },
              {
                "action": "allow",
                "cidr_block": "0.0.0.0/0",
                "from_port": 443,
                "icmp_code": 0,
                "icmp_type": 0,
                "ipv6_cidr_block": "",
                "protocol": "6",
                "rule_no": 110,
                "to_port": 443
              },
              {
                "action": "allow",
                "cidr_block": "0.0.0.0/0",
                "from_port": 80,
                "icmp_code": 0,
                "icmp_type": 0,
                "ipv6_cidr_block": "",
                "protocol": "6",
                "rule_no": 100,
                "to_port": 80
              },
              {
                "action": "allow",
                "cidr_block": "10.21.0.0/16",
                "from_port": 1024,
                "icmp_code": 0,
                "icmp_type": 0,
                "ipv6_cidr_block": "",
                "protocol": "6",
                "rule_no": 120,
                "to_port": 65535
              },
              {
                "action": "allow",
                "cidr_block": "10.21.0.0/16",
                "from_port": 22,
                "icmp_code": 0,
                "icmp_type": 0,
                "ipv6_cidr_block": "",
                "protocol": "6",
                "rule_no": 150,
                "to_port": 22
              }
            ],
            "id": "acl-0a8f17f3dfe0678ad",
            "ingress": [
              {
                "action": "allow",
                "cidr_block": "0.0.0.0/0",
                "from_port": 1024,
                "icmp_code": 0,
                "icmp_type": 0,
                "ipv6_cidr_block": "",
                "protocol": "6",
                "rule_no": 140,
                "to_port": 65535
              },
              {
                "action": "allow",
                "cidr_block": "0.0.0.0/0",
                "from_port": 22,
                "icmp_code": 0,
                "icmp_type": 0,
                "ipv6_cidr_block": "",
                "protocol": "6",
                "rule_no": 220,
                "to_port": 22
              },
              {
                "action": "allow",
                "cidr_block": "0.0.0.0/0",
                "from_port": 443,
                "icmp_code": 0,
                "icmp_type": 0,
                "ipv6_cidr_block": "",
                "protocol": "6",
                "rule_no": 110,
                "to_port": 443
              },
              {
                "action": "allow",
                "cidr_block": "0.0.0.0/0",
                "from_port": 80,
                "icmp_code": 0,
                "icmp_type": 0,
                "ipv6_cidr_block": "",
                "protocol": "6",
                "rule_no": 100,
                "to_port": 80
              }
            ],
            "owner_id": "050779347855",
            "subnet_ids": [
              "subnet-0680aa96bc65f072d",
              "subnet-07402e5b661b23bec",
              "subnet-076f8b852c6b60060"
            ],
            "tags": {
              "DeploymentEnvironment": "production",
              "Name": "production-PublicAcl"
            },
            "tags_all": {
              "DeploymentEnvironment": "production",
              "Name": "production-PublicAcl"
            },
            "vpc_id": "vpc-0bd9acb7990b4154d"
          },
          "sensitive_attributes": []
        }
      ]
    },
    {
      "mode": "managed",
      "type": "aws_network_acl",
      "name": "acl_0c0b56b0d5d4ea4ac",
      "provider": "provider[\"registry.terraform.io/hashicorp/aws\"]",
      "instances": [
        {
          "schema_version": 0,
          "attributes": {
            "arn": "arn:aws-us-gov:ec2:us-gov-west-1:050779347855:network-acl/acl-0c0b56b0d5d4ea4ac",
            "egress": [
              {
                "action": "allow",
                "cidr_block": "0.0.0.0/0",
                "from_port": 1024,
                "icmp_code": 0,
                "icmp_type": 0,
                "ipv6_cidr_block": "",
                "protocol": "6",
                "rule_no": 140,
                "to_port": 65535
              },
              {
                "action": "allow",
                "cidr_block": "0.0.0.0/0",
                "from_port": 22,
                "icmp_code": 0,
                "icmp_type": 0,
                "ipv6_cidr_block": "",
                "protocol": "6",
                "rule_no": 120,
                "to_port": 22
              },
              {
                "action": "allow",
                "cidr_block": "0.0.0.0/0",
                "from_port": 443,
                "icmp_code": 0,
                "icmp_type": 0,
                "ipv6_cidr_block": "",
                "protocol": "6",
                "rule_no": 110,
                "to_port": 443
              },
              {
                "action": "allow",
                "cidr_block": "0.0.0.0/0",
                "from_port": 80,
                "icmp_code": 0,
                "icmp_type": 0,
                "ipv6_cidr_block": "",
                "protocol": "6",
                "rule_no": 100,
                "to_port": 80
              }
            ],
            "id": "acl-0c0b56b0d5d4ea4ac",
            "ingress": [
              {
                "action": "allow",
                "cidr_block": "0.0.0.0/0",
                "from_port": 1024,
                "icmp_code": 0,
                "icmp_type": 0,
                "ipv6_cidr_block": "",
                "protocol": "6",
                "rule_no": 500,
                "to_port": 65535
              },
              {
                "action": "allow",
                "cidr_block": "0.0.0.0/0",
                "from_port": 22,
                "icmp_code": 0,
                "icmp_type": 0,
                "ipv6_cidr_block": "",
                "protocol": "6",
                "rule_no": 140,
                "to_port": 22
              },
              {
                "action": "allow",
                "cidr_block": "0.0.0.0/0",
                "from_port": 443,
                "icmp_code": 0,
                "icmp_type": 0,
                "ipv6_cidr_block": "",
                "protocol": "6",
                "rule_no": 110,
                "to_port": 443
              },
              {
                "action": "allow",
                "cidr_block": "0.0.0.0/0",
                "from_port": 80,
                "icmp_code": 0,
                "icmp_type": 0,
                "ipv6_cidr_block": "",
                "protocol": "6",
                "rule_no": 100,
                "to_port": 80
              },
              {
                "action": "deny",
                "cidr_block": "0.0.0.0/0",
                "from_port": 5432,
                "icmp_code": 0,
                "icmp_type": 0,
                "ipv6_cidr_block": "",
                "protocol": "6",
                "rule_no": 190,
                "to_port": 5432
              },
              {
                "action": "deny",
                "cidr_block": "0.0.0.0/0",
                "from_port": 8080,
                "icmp_code": 0,
                "icmp_type": 0,
                "ipv6_cidr_block": "",
                "protocol": "6",
                "rule_no": 180,
                "to_port": 8080
              }
            ],
            "owner_id": "050779347855",
            "subnet_ids": [
              "subnet-05abe9522c20e70aa",
              "subnet-0d9fc337565eaccd1"
            ],
            "tags": {
              "Name": "DeveloperTools-PublicAcl"
            },
            "tags_all": {
              "Name": "DeveloperTools-PublicAcl"
            },
            "vpc_id": "vpc-0c883d416072b2572"
          },
          "sensitive_attributes": []
        }
      ]
    },
    {
      "mode": "managed",
      "type": "aws_network_acl_association",
      "name": "aclassoc_004daf19ad8e5be99",
      "provider": "provider[\"registry.terraform.io/hashicorp/aws\"]",
      "instances": [
        {
          "schema_version": 0,
          "attributes": {
            "id": "aclassoc-004daf19ad8e5be99",
            "network_acl_id": "acl-066a348fb81dcaef3",
            "subnet_id": "subnet-04e27b7af0a76d7ee"
          },
          "sensitive_attributes": []
        }
      ]
    },
    {
      "mode": "managed",
      "type": "aws_network_acl_association",
      "name": "aclassoc_0130ee3b587e15748",
      "provider": "provider[\"registry.terraform.io/hashicorp/aws\"]",
      "instances": [
        {
          "schema_version": 0,
          "attributes": {
            "id": "aclassoc-0130ee3b587e15748",
            "network_acl_id": "acl-02870bd3064cb0e80",
            "subnet_id": "subnet-00624cc56bc520484"
          },
          "sensitive_attributes": []
        }
      ]
    },
    {
      "mode": "managed",
      "type": "aws_network_acl_association",
      "name": "aclassoc_0159340ca1f781ace",
      "provider": "provider[\"registry.terraform.io/hashicorp/aws\"]",
      "instances": [
        {
          "schema_version": 0,
          "attributes": {
            "id": "aclassoc-0159340ca1f781ace",
            "network_acl_id": "acl-0a8f17f3dfe0678ad",
            "subnet_id": "subnet-076f8b852c6b60060"
          },
          "sensitive_attributes": []
        }
      ]
    },
    {
      "mode": "managed",
      "type": "aws_network_acl_association",
      "name": "aclassoc_01b15766fc510aedc",
      "provider": "provider[\"registry.terraform.io/hashicorp/aws\"]",
      "instances": [
        {
          "schema_version": 0,
          "attributes": {
            "id": "aclassoc-01b15766fc510aedc",
            "network_acl_id": "acl-0a8f17f3dfe0678ad",
            "subnet_id": "subnet-07402e5b661b23bec"
          },
          "sensitive_attributes": []
        }
      ]
    },
    {
      "mode": "managed",
      "type": "aws_network_acl_association",
      "name": "aclassoc_04076c78af19ba8c9",
      "provider": "provider[\"registry.terraform.io/hashicorp/aws\"]",
      "instances": [
        {
          "schema_version": 0,
          "attributes": {
            "id": "aclassoc-04076c78af19ba8c9",
            "network_acl_id": "acl-066a348fb81dcaef3",
            "subnet_id": "subnet-05203dc92b0823553"
          },
          "sensitive_attributes": []
        }
      ]
    },
    {
      "mode": "managed",
      "type": "aws_network_acl_association",
      "name": "aclassoc_04e4399d911775d1e",
      "provider": "provider[\"registry.terraform.io/hashicorp/aws\"]",
      "instances": [
        {
          "schema_version": 0,
          "attributes": {
            "id": "aclassoc-04e4399d911775d1e",
            "network_acl_id": "acl-0c0b56b0d5d4ea4ac",
            "subnet_id": "subnet-05abe9522c20e70aa"
          },
          "sensitive_attributes": []
        }
      ]
    },
    {
      "mode": "managed",
      "type": "aws_network_acl_association",
      "name": "aclassoc_08d02f11f7a970e65",
      "provider": "provider[\"registry.terraform.io/hashicorp/aws\"]",
      "instances": [
        {
          "schema_version": 0,
          "attributes": {
            "id": "aclassoc-08d02f11f7a970e65",
            "network_acl_id": "acl-0a8f17f3dfe0678ad",
            "subnet_id": "subnet-0680aa96bc65f072d"
          },
          "sensitive_attributes": []
        }
      ]
    },
    {
      "mode": "managed",
      "type": "aws_network_acl_association",
      "name": "aclassoc_0b2bc82270110ee53",
      "provider": "provider[\"registry.terraform.io/hashicorp/aws\"]",
      "instances": [
        {
          "schema_version": 0,
          "attributes": {
            "id": "aclassoc-0b2bc82270110ee53",
            "network_acl_id": "acl-02870bd3064cb0e80",
            "subnet_id": "subnet-0a92863259a3cd002"
          },
          "sensitive_attributes": []
        }
      ]
    },
    {
      "mode": "managed",
      "type": "aws_network_acl_association",
      "name": "aclassoc_0b313729431d957b6",
      "provider": "provider[\"registry.terraform.io/hashicorp/aws\"]",
      "instances": [
        {
          "schema_version": 0,
          "attributes": {
            "id": "aclassoc-0b313729431d957b6",
            "network_acl_id": "acl-066a348fb81dcaef3",
            "subnet_id": "subnet-096303542f2113a20"
          },
          "sensitive_attributes": []
        }
      ]
    },
    {
      "mode": "managed",
      "type": "aws_network_acl_association",
      "name": "aclassoc_0d3f7c68ed439babc",
      "provider": "provider[\"registry.terraform.io/hashicorp/aws\"]",
      "instances": [
        {
          "schema_version": 0,
          "attributes": {
            "id": "aclassoc-0d3f7c68ed439babc",
            "network_acl_id": "acl-0c0b56b0d5d4ea4ac",
            "subnet_id": "subnet-0d9fc337565eaccd1"
          },
          "sensitive_attributes": []
        }
      ]
    },
    {
      "mode": "managed",
      "type": "aws_network_acl_association",
      "name": "aclassoc_0eef6133fad23ed33",
      "provider": "provider[\"registry.terraform.io/hashicorp/aws\"]",
      "instances": [
        {
          "schema_version": 0,
          "attributes": {
            "id": "aclassoc-0eef6133fad23ed33",
            "network_acl_id": "acl-02870bd3064cb0e80",
            "subnet_id": "subnet-08f964badcff95e70"
          },
          "sensitive_attributes": []
        }
      ]
    },
    {
      "mode": "managed",
      "type": "aws_network_acl_rule",
      "name": "acl_02870bd3064cb0e80_100",
      "provider": "provider[\"registry.terraform.io/hashicorp/aws\"]",
      "instances": [
        {
          "schema_version": 0,
          "attributes": {
            "cidr_block": "0.0.0.0/0",
            "egress": true,
            "from_port": 80,
            "icmp_code": null,
            "icmp_type": null,
            "id": "acl-02870bd3064cb0e80-100",
            "ipv6_cidr_block": "",
            "network_acl_id": "acl-02870bd3064cb0e80",
            "protocol": "6",
            "rule_action": "allow",
            "rule_number": 100,
            "to_port": 80
          },
          "sensitive_attributes": []
        }
      ]
    },
    {
      "mode": "managed",
      "type": "aws_network_acl_rule",
      "name": "acl_02870bd3064cb0e80_110",
      "provider": "provider[\"registry.terraform.io/hashicorp/aws\"]",
      "instances": [
        {
          "schema_version": 0,
          "attributes": {
            "cidr_block": "0.0.0.0/0",
            "egress": true,
            "from_port": 443,
            "icmp_code": null,
            "icmp_type": null,
            "id": "acl-02870bd3064cb0e80-110",
            "ipv6_cidr_block": "",
            "network_acl_id": "acl-02870bd3064cb0e80",
            "protocol": "6",
            "rule_action": "allow",
            "rule_number": 110,
            "to_port": 443
          },
          "sensitive_attributes": []
        }
      ]
    },
    {
      "mode": "managed",
      "type": "aws_network_acl_rule",
      "name": "acl_02870bd3064cb0e80_120",
      "provider": "provider[\"registry.terraform.io/hashicorp/aws\"]",
      "instances": [
        {
          "schema_version": 0,
          "attributes": {
            "cidr_block": "0.0.0.0/0",
            "egress": true,
            "from_port": 22,
            "icmp_code": null,
            "icmp_type": null,
            "id": "acl-02870bd3064cb0e80-120",
            "ipv6_cidr_block": "",
            "network_acl_id": "acl-02870bd3064cb0e80",
            "protocol": "6",
            "rule_action": "allow",
            "rule_number": 120,
            "to_port": 22
          },
          "sensitive_attributes": []
        }
      ]
    },
    {
      "mode": "managed",
      "type": "aws_network_acl_rule",
      "name": "acl_02870bd3064cb0e80_122",
      "provider": "provider[\"registry.terraform.io/hashicorp/aws\"]",
      "instances": [
        {
          "schema_version": 0,
          "attributes": {
            "cidr_block": "0.0.0.0/0",
            "egress": true,
            "from_port": 25,
            "icmp_code": null,
            "icmp_type": null,
            "id": "acl-02870bd3064cb0e80-122",
            "ipv6_cidr_block": "",
            "network_acl_id": "acl-02870bd3064cb0e80",
            "protocol": "6",
            "rule_action": "allow",
            "rule_number": 122,
            "to_port": 25
          },
          "sensitive_attributes": []
        }
      ]
    },
    {
      "mode": "managed",
      "type": "aws_network_acl_rule",
      "name": "acl_02870bd3064cb0e80_140",
      "provider": "provider[\"registry.terraform.io/hashicorp/aws\"]",
      "instances": [
        {
          "schema_version": 0,
          "attributes": {
            "cidr_block": "0.0.0.0/0",
            "egress": true,
            "from_port": 1024,
            "icmp_code": null,
            "icmp_type": null,
            "id": "acl-02870bd3064cb0e80-140",
            "ipv6_cidr_block": "",
            "network_acl_id": "acl-02870bd3064cb0e80",
            "protocol": "6",
            "rule_action": "allow",
            "rule_number": 140,
            "to_port": 65535
          },
          "sensitive_attributes": []
        }
      ]
    },
    {
      "mode": "managed",
      "type": "aws_network_acl_rule",
      "name": "acl_02870bd3064cb0e80_180",
      "provider": "provider[\"registry.terraform.io/hashicorp/aws\"]",
      "instances": [
        {
          "schema_version": 0,
          "attributes": {
            "cidr_block": "0.0.0.0/0",
            "egress": false,
            "from_port": 8080,
            "icmp_code": null,
            "icmp_type": null,
            "id": "acl-02870bd3064cb0e80-180",
            "ipv6_cidr_block": "",
            "network_acl_id": "acl-02870bd3064cb0e80",
            "protocol": "6",
            "rule_action": "deny",
            "rule_number": 180,
            "to_port": 8080
          },
          "sensitive_attributes": []
        }
      ]
    },
    {
      "mode": "managed",
      "type": "aws_network_acl_rule",
      "name": "acl_02870bd3064cb0e80_190",
      "provider": "provider[\"registry.terraform.io/hashicorp/aws\"]",
      "instances": [
        {
          "schema_version": 0,
          "attributes": {
            "cidr_block": "0.0.0.0/0",
            "egress": false,
            "from_port": 5432,
            "icmp_code": null,
            "icmp_type": null,
            "id": "acl-02870bd3064cb0e80-190",
            "ipv6_cidr_block": "",
            "network_acl_id": "acl-02870bd3064cb0e80",
            "protocol": "6",
            "rule_action": "deny",
            "rule_number": 190,
            "to_port": 5432
          },
          "sensitive_attributes": []
        }
      ]
    },
    {
      "mode": "managed",
      "type": "aws_network_acl_rule",
      "name": "acl_02870bd3064cb0e80_32767",
      "provider": "provider[\"registry.terraform.io/hashicorp/aws\"]",
      "instances": [
        {
          "schema_version": 0,
          "attributes": {
            "cidr_block": "0.0.0.0/0",
            "egress": true,
            "from_port": null,
            "icmp_code": null,
            "icmp_type": null,
            "id": "acl-02870bd3064cb0e80-32767",
            "ipv6_cidr_block": "",
            "network_acl_id": "acl-02870bd3064cb0e80",
            "protocol": "-1",
            "rule_action": "deny",
            "rule_number": 32767,
            "to_port": null
          },
          "sensitive_attributes": []
        }
      ]
    },
    {
      "mode": "managed",
      "type": "aws_network_acl_rule",
      "name": "acl_02870bd3064cb0e80_500",
      "provider": "provider[\"registry.terraform.io/hashicorp/aws\"]",
      "instances": [
        {
          "schema_version": 0,
          "attributes": {
            "cidr_block": "0.0.0.0/0",
            "egress": false,
            "from_port": 1024,
            "icmp_code": null,
            "icmp_type": null,
            "id": "acl-02870bd3064cb0e80-500",
            "ipv6_cidr_block": "",
            "network_acl_id": "acl-02870bd3064cb0e80",
            "protocol": "6",
            "rule_action": "allow",
            "rule_number": 500,
            "to_port": 65535
          },
          "sensitive_attributes": []
        }
      ]
    },
    {
      "mode": "managed",
      "type": "aws_network_acl_rule",
      "name": "acl_066a348fb81dcaef3_100",
      "provider": "provider[\"registry.terraform.io/hashicorp/aws\"]",
      "instances": [
        {
          "schema_version": 0,
          "attributes": {
            "cidr_block": "0.0.0.0/0",
            "egress": true,
            "from_port": 80,
            "icmp_code": null,
            "icmp_type": null,
            "id": "acl-066a348fb81dcaef3-100",
            "ipv6_cidr_block": "",
            "network_acl_id": "acl-066a348fb81dcaef3",
            "protocol": "6",
            "rule_action": "allow",
            "rule_number": 100,
            "to_port": 80
          },
          "sensitive_attributes": []
        }
      ]
    },
    {
      "mode": "managed",
      "type": "aws_network_acl_rule",
      "name": "acl_066a348fb81dcaef3_110",
      "provider": "provider[\"registry.terraform.io/hashicorp/aws\"]",
      "instances": [
        {
          "schema_version": 0,
          "attributes": {
            "cidr_block": "0.0.0.0/0",
            "egress": true,
            "from_port": 443,
            "icmp_code": null,
            "icmp_type": null,
            "id": "acl-066a348fb81dcaef3-110",
            "ipv6_cidr_block": "",
            "network_acl_id": "acl-066a348fb81dcaef3",
            "protocol": "6",
            "rule_action": "allow",
            "rule_number": 110,
            "to_port": 443
          },
          "sensitive_attributes": []
        }
      ]
    },
    {
      "mode": "managed",
      "type": "aws_network_acl_rule",
      "name": "acl_066a348fb81dcaef3_120",
      "provider": "provider[\"registry.terraform.io/hashicorp/aws\"]",
      "instances": [
        {
          "schema_version": 0,
          "attributes": {
            "cidr_block": "10.21.0.0/16",
            "egress": true,
            "from_port": 1024,
            "icmp_code": null,
            "icmp_type": null,
            "id": "acl-066a348fb81dcaef3-120",
            "ipv6_cidr_block": "",
            "network_acl_id": "acl-066a348fb81dcaef3",
            "protocol": "6",
            "rule_action": "allow",
            "rule_number": 120,
            "to_port": 65535
          },
          "sensitive_attributes": []
        }
      ]
    },
    {
      "mode": "managed",
      "type": "aws_network_acl_rule",
      "name": "acl_066a348fb81dcaef3_130",
      "provider": "provider[\"registry.terraform.io/hashicorp/aws\"]",
      "instances": [
        {
          "schema_version": 0,
          "attributes": {
            "cidr_block": "10.21.0.0/16",
            "egress": false,
            "from_port": 1024,
            "icmp_code": null,
            "icmp_type": null,
            "id": "acl-066a348fb81dcaef3-130",
            "ipv6_cidr_block": "",
            "network_acl_id": "acl-066a348fb81dcaef3",
            "protocol": "6",
            "rule_action": "allow",
            "rule_number": 130,
            "to_port": 65535
          },
          "sensitive_attributes": []
        }
      ]
    },
    {
      "mode": "managed",
      "type": "aws_network_acl_rule",
      "name": "acl_066a348fb81dcaef3_32767",
      "provider": "provider[\"registry.terraform.io/hashicorp/aws\"]",
      "instances": [
        {
          "schema_version": 0,
          "attributes": {
            "cidr_block": "0.0.0.0/0",
            "egress": true,
            "from_port": null,
            "icmp_code": null,
            "icmp_type": null,
            "id": "acl-066a348fb81dcaef3-32767",
            "ipv6_cidr_block": "",
            "network_acl_id": "acl-066a348fb81dcaef3",
            "protocol": "-1",
            "rule_action": "deny",
            "rule_number": 32767,
            "to_port": null
          },
          "sensitive_attributes": []
        }
      ]
    },
    {
      "mode": "managed",
      "type": "aws_network_acl_rule",
      "name": "acl_066a348fb81dcaef3_540",
      "provider": "provider[\"registry.terraform.io/hashicorp/aws\"]",
      "instances": [
        {
          "schema_version": 0,
          "attributes": {
            "cidr_block": "0.0.0.0/0",
            "egress": false,
            "from_port": 1024,
            "icmp_code": null,
            "icmp_type": null,
            "id": "acl-066a348fb81dcaef3-540",
            "ipv6_cidr_block": "",
            "network_acl_id": "acl-066a348fb81dcaef3",
            "protocol": "6",
            "rule_action": "allow",
            "rule_number": 540,
            "to_port": 65535
          },
          "sensitive_attributes": []
        }
      ]
    },
    {
      "mode": "managed",
      "type": "aws_network_acl_rule",
      "name": "acl_0a8f17f3dfe0678ad_100",
      "provider": "provider[\"registry.terraform.io/hashicorp/aws\"]",
      "instances": [
        {
          "schema_version": 0,
          "attributes": {
            "cidr_block": "0.0.0.0/0",
            "egress": true,
            "from_port": 80,
            "icmp_code": null,
            "icmp_type": null,
            "id": "acl-0a8f17f3dfe0678ad-100",
            "ipv6_cidr_block": "",
            "network_acl_id": "acl-0a8f17f3dfe0678ad",
            "protocol": "6",
            "rule_action": "allow",
            "rule_number": 100,
            "to_port": 80
          },
          "sensitive_attributes": []
        }
      ]
    },
    {
      "mode": "managed",
      "type": "aws_network_acl_rule",
      "name": "acl_0a8f17f3dfe0678ad_110",
      "provider": "provider[\"registry.terraform.io/hashicorp/aws\"]",
      "instances": [
        {
          "schema_version": 0,
          "attributes": {
            "cidr_block": "0.0.0.0/0",
            "egress": true,
            "from_port": 443,
            "icmp_code": null,
            "icmp_type": null,
            "id": "acl-0a8f17f3dfe0678ad-110",
            "ipv6_cidr_block": "",
            "network_acl_id": "acl-0a8f17f3dfe0678ad",
            "protocol": "6",
            "rule_action": "allow",
            "rule_number": 110,
            "to_port": 443
          },
          "sensitive_attributes": []
        }
      ]
    },
    {
      "mode": "managed",
      "type": "aws_network_acl_rule",
      "name": "acl_0a8f17f3dfe0678ad_120",
      "provider": "provider[\"registry.terraform.io/hashicorp/aws\"]",
      "instances": [
        {
          "schema_version": 0,
          "attributes": {
            "cidr_block": "10.21.0.0/16",
            "egress": true,
            "from_port": 1024,
            "icmp_code": null,
            "icmp_type": null,
            "id": "acl-0a8f17f3dfe0678ad-120",
            "ipv6_cidr_block": "",
            "network_acl_id": "acl-0a8f17f3dfe0678ad",
            "protocol": "6",
            "rule_action": "allow",
            "rule_number": 120,
            "to_port": 65535
          },
          "sensitive_attributes": []
        }
      ]
    },
    {
      "mode": "managed",
      "type": "aws_network_acl_rule",
      "name": "acl_0a8f17f3dfe0678ad_140",
      "provider": "provider[\"registry.terraform.io/hashicorp/aws\"]",
      "instances": [
        {
          "schema_version": 0,
          "attributes": {
            "cidr_block": "0.0.0.0/0",
            "egress": false,
            "from_port": 1024,
            "icmp_code": null,
            "icmp_type": null,
            "id": "acl-0a8f17f3dfe0678ad-140",
            "ipv6_cidr_block": "",
            "network_acl_id": "acl-0a8f17f3dfe0678ad",
            "protocol": "6",
            "rule_action": "allow",
            "rule_number": 140,
            "to_port": 65535
          },
          "sensitive_attributes": []
        }
      ]
    },
    {
      "mode": "managed",
      "type": "aws_network_acl_rule",
      "name": "acl_0a8f17f3dfe0678ad_150",
      "provider": "provider[\"registry.terraform.io/hashicorp/aws\"]",
      "instances": [
        {
          "schema_version": 0,
          "attributes": {
            "cidr_block": "10.21.0.0/16",
            "egress": true,
            "from_port": 22,
            "icmp_code": null,
            "icmp_type": null,
            "id": "acl-0a8f17f3dfe0678ad-150",
            "ipv6_cidr_block": "",
            "network_acl_id": "acl-0a8f17f3dfe0678ad",
            "protocol": "6",
            "rule_action": "allow",
            "rule_number": 150,
            "to_port": 22
          },
          "sensitive_attributes": []
        }
      ]
    },
    {
      "mode": "managed",
      "type": "aws_network_acl_rule",
      "name": "acl_0a8f17f3dfe0678ad_220",
      "provider": "provider[\"registry.terraform.io/hashicorp/aws\"]",
      "instances": [
        {
          "schema_version": 0,
          "attributes": {
            "cidr_block": "0.0.0.0/0",
            "egress": false,
            "from_port": 22,
            "icmp_code": null,
            "icmp_type": null,
            "id": "acl-0a8f17f3dfe0678ad-220",
            "ipv6_cidr_block": "",
            "network_acl_id": "acl-0a8f17f3dfe0678ad",
            "protocol": "6",
            "rule_action": "allow",
            "rule_number": 220,
            "to_port": 22
          },
          "sensitive_attributes": []
        }
      ]
    },
    {
      "mode": "managed",
      "type": "aws_network_acl_rule",
      "name": "acl_0a8f17f3dfe0678ad_32767",
      "provider": "provider[\"registry.terraform.io/hashicorp/aws\"]",
      "instances": [
        {
          "schema_version": 0,
          "attributes": {
            "cidr_block": "0.0.0.0/0",
            "egress": true,
            "from_port": null,
            "icmp_code": null,
            "icmp_type": null,
            "id": "acl-0a8f17f3dfe0678ad-32767",
            "ipv6_cidr_block": "",
            "network_acl_id": "acl-0a8f17f3dfe0678ad",
            "protocol": "-1",
            "rule_action": "deny",
            "rule_number": 32767,
            "to_port": null
          },
          "sensitive_attributes": []
        }
      ]
    },
    {
      "mode": "managed",
      "type": "aws_network_acl_rule",
      "name": "acl_0a8f17f3dfe0678ad_540",
      "provider": "provider[\"registry.terraform.io/hashicorp/aws\"]",
      "instances": [
        {
          "schema_version": 0,
          "attributes": {
            "cidr_block": "0.0.0.0/0",
            "egress": true,
            "from_port": 1024,
            "icmp_code": null,
            "icmp_type": null,
            "id": "acl-0a8f17f3dfe0678ad-540",
            "ipv6_cidr_block": "",
            "network_acl_id": "acl-0a8f17f3dfe0678ad",
            "protocol": "6",
            "rule_action": "allow",
            "rule_number": 540,
            "to_port": 65535
          },
          "sensitive_attributes": []
        }
      ]
    },
    {
      "mode": "managed",
      "type": "aws_network_acl_rule",
      "name": "acl_0c0b56b0d5d4ea4ac_100",
      "provider": "provider[\"registry.terraform.io/hashicorp/aws\"]",
      "instances": [
        {
          "schema_version": 0,
          "attributes": {
            "cidr_block": "0.0.0.0/0",
            "egress": true,
            "from_port": 80,
            "icmp_code": null,
            "icmp_type": null,
            "id": "acl-0c0b56b0d5d4ea4ac-100",
            "ipv6_cidr_block": "",
            "network_acl_id": "acl-0c0b56b0d5d4ea4ac",
            "protocol": "6",
            "rule_action": "allow",
            "rule_number": 100,
            "to_port": 80
          },
          "sensitive_attributes": []
        }
      ]
    },
    {
      "mode": "managed",
      "type": "aws_network_acl_rule",
      "name": "acl_0c0b56b0d5d4ea4ac_110",
      "provider": "provider[\"registry.terraform.io/hashicorp/aws\"]",
      "instances": [
        {
          "schema_version": 0,
          "attributes": {
            "cidr_block": "0.0.0.0/0",
            "egress": true,
            "from_port": 443,
            "icmp_code": null,
            "icmp_type": null,
            "id": "acl-0c0b56b0d5d4ea4ac-110",
            "ipv6_cidr_block": "",
            "network_acl_id": "acl-0c0b56b0d5d4ea4ac",
            "protocol": "6",
            "rule_action": "allow",
            "rule_number": 110,
            "to_port": 443
          },
          "sensitive_attributes": []
        }
      ]
    },
    {
      "mode": "managed",
      "type": "aws_network_acl_rule",
      "name": "acl_0c0b56b0d5d4ea4ac_120",
      "provider": "provider[\"registry.terraform.io/hashicorp/aws\"]",
      "instances": [
        {
          "schema_version": 0,
          "attributes": {
            "cidr_block": "0.0.0.0/0",
            "egress": true,
            "from_port": 22,
            "icmp_code": null,
            "icmp_type": null,
            "id": "acl-0c0b56b0d5d4ea4ac-120",
            "ipv6_cidr_block": "",
            "network_acl_id": "acl-0c0b56b0d5d4ea4ac",
            "protocol": "6",
            "rule_action": "allow",
            "rule_number": 120,
            "to_port": 22
          },
          "sensitive_attributes": []
        }
      ]
    },
    {
      "mode": "managed",
      "type": "aws_network_acl_rule",
      "name": "acl_0c0b56b0d5d4ea4ac_140",
      "provider": "provider[\"registry.terraform.io/hashicorp/aws\"]",
      "instances": [
        {
          "schema_version": 0,
          "attributes": {
            "cidr_block": "0.0.0.0/0",
            "egress": true,
            "from_port": 1024,
            "icmp_code": null,
            "icmp_type": null,
            "id": "acl-0c0b56b0d5d4ea4ac-140",
            "ipv6_cidr_block": "",
            "network_acl_id": "acl-0c0b56b0d5d4ea4ac",
            "protocol": "6",
            "rule_action": "allow",
            "rule_number": 140,
            "to_port": 65535
          },
          "sensitive_attributes": []
        }
      ]
    },
    {
      "mode": "managed",
      "type": "aws_network_acl_rule",
      "name": "acl_0c0b56b0d5d4ea4ac_180",
      "provider": "provider[\"registry.terraform.io/hashicorp/aws\"]",
      "instances": [
        {
          "schema_version": 0,
          "attributes": {
            "cidr_block": "0.0.0.0/0",
            "egress": false,
            "from_port": 8080,
            "icmp_code": null,
            "icmp_type": null,
            "id": "acl-0c0b56b0d5d4ea4ac-180",
            "ipv6_cidr_block": "",
            "network_acl_id": "acl-0c0b56b0d5d4ea4ac",
            "protocol": "6",
            "rule_action": "deny",
            "rule_number": 180,
            "to_port": 8080
          },
          "sensitive_attributes": []
        }
      ]
    },
    {
      "mode": "managed",
      "type": "aws_network_acl_rule",
      "name": "acl_0c0b56b0d5d4ea4ac_190",
      "provider": "provider[\"registry.terraform.io/hashicorp/aws\"]",
      "instances": [
        {
          "schema_version": 0,
          "attributes": {
            "cidr_block": "0.0.0.0/0",
            "egress": false,
            "from_port": 5432,
            "icmp_code": null,
            "icmp_type": null,
            "id": "acl-0c0b56b0d5d4ea4ac-190",
            "ipv6_cidr_block": "",
            "network_acl_id": "acl-0c0b56b0d5d4ea4ac",
            "protocol": "6",
            "rule_action": "deny",
            "rule_number": 190,
            "to_port": 5432
          },
          "sensitive_attributes": []
        }
      ]
    },
    {
      "mode": "managed",
      "type": "aws_network_acl_rule",
      "name": "acl_0c0b56b0d5d4ea4ac_32767",
      "provider": "provider[\"registry.terraform.io/hashicorp/aws\"]",
      "instances": [
        {
          "schema_version": 0,
          "attributes": {
            "cidr_block": "0.0.0.0/0",
            "egress": true,
            "from_port": null,
            "icmp_code": null,
            "icmp_type": null,
            "id": "acl-0c0b56b0d5d4ea4ac-32767",
            "ipv6_cidr_block": "",
            "network_acl_id": "acl-0c0b56b0d5d4ea4ac",
            "protocol": "-1",
            "rule_action": "deny",
            "rule_number": 32767,
            "to_port": null
          },
          "sensitive_attributes": []
        }
      ]
    },
    {
      "mode": "managed",
      "type": "aws_network_acl_rule",
      "name": "acl_0c0b56b0d5d4ea4ac_500",
      "provider": "provider[\"registry.terraform.io/hashicorp/aws\"]",
      "instances": [
        {
          "schema_version": 0,
          "attributes": {
            "cidr_block": "0.0.0.0/0",
            "egress": false,
            "from_port": 1024,
            "icmp_code": null,
            "icmp_type": null,
            "id": "acl-0c0b56b0d5d4ea4ac-500",
            "ipv6_cidr_block": "",
            "network_acl_id": "acl-0c0b56b0d5d4ea4ac",
            "protocol": "6",
            "rule_action": "allow",
            "rule_number": 500,
            "to_port": 65535
          },
          "sensitive_attributes": []
        }
      ]
    },
    {
      "mode": "managed",
      "type": "aws_network_interface",
      "name": "eni_00156b746e6de45d5",
      "provider": "provider[\"registry.terraform.io/hashicorp/aws\"]",
      "instances": [
        {
          "schema_version": 0,
          "attributes": {
            "arn": "arn:aws-us-gov:ec2:us-gov-west-1:050779347855:network-interface/eni-00156b746e6de45d5",
            "attachment": [
              {
                "attachment_id": "ela-attach-02ad9738854ad71ac",
                "device_index": 1,
                "instance": ""
              }
            ],
            "description": "AWS Lambda VPC ENI-learning-image-publisher-ebdab770-e7c1-4820-832f-5c18841704d0",
            "id": "eni-00156b746e6de45d5",
            "interface_type": "lambda",
            "ipv4_prefix_count": 0,
            "ipv4_prefixes": [],
            "ipv6_address_count": 0,
            "ipv6_address_list": [],
            "ipv6_address_list_enabled": null,
            "ipv6_addresses": [],
            "ipv6_prefix_count": 0,
            "ipv6_prefixes": [],
            "mac_address": "06:43:81:68:73:52",
            "outpost_arn": "",
            "owner_id": "050779347855",
            "private_dns_name": "ip-10-21-4-118.us-gov-west-1.compute.internal",
            "private_ip": "10.21.4.118",
            "private_ip_list": [
              "10.21.4.118"
            ],
            "private_ip_list_enabled": null,
            "private_ips": [
              "10.21.4.118"
            ],
            "private_ips_count": 0,
            "security_groups": [
              "sg-09ec086d4a18f2267"
            ],
            "source_dest_check": true,
            "subnet_id": "subnet-04e27b7af0a76d7ee",
            "tags": {},
            "tags_all": {}
          },
          "sensitive_attributes": []
        }
      ]
    },
    {
      "mode": "managed",
      "type": "aws_network_interface",
      "name": "eni_0027777d65e38ced2",
      "provider": "provider[\"registry.terraform.io/hashicorp/aws\"]",
      "instances": [
        {
          "schema_version": 0,
          "attributes": {
            "arn": "arn:aws-us-gov:ec2:us-gov-west-1:050779347855:network-interface/eni-0027777d65e38ced2",
            "attachment": [
              {
                "attachment_id": "eni-attach-09fc3fb533d69c682",
                "device_index": 1,
                "instance": ""
              }
            ],
            "description": "ELB app/awseb-AWSEB-1GLHUBRW9EX1B/c961c5120a050a5a",
            "id": "eni-0027777d65e38ced2",
            "interface_type": "interface",
            "ipv4_prefix_count": 0,
            "ipv4_prefixes": [],
            "ipv6_address_count": 0,
            "ipv6_address_list": [],
            "ipv6_address_list_enabled": null,
            "ipv6_addresses": [],
            "ipv6_prefix_count": 0,
            "ipv6_prefixes": [],
            "mac_address": "02:f1:6c:97:e6:60",
            "outpost_arn": "",
            "owner_id": "050779347855",
            "private_dns_name": "ip-10-21-159-57.us-gov-west-1.compute.internal",
            "private_ip": "10.21.159.57",
            "private_ip_list": [
              "10.21.159.57"
            ],
            "private_ip_list_enabled": null,
            "private_ips": [
              "10.21.159.57"
            ],
            "private_ips_count": 0,
            "security_groups": [
              "sg-0ce67711c9eb8e894"
            ],
            "source_dest_check": true,
            "subnet_id": "subnet-07402e5b661b23bec",
            "tags": {},
            "tags_all": {}
          },
          "sensitive_attributes": []
        }
      ]
    },
    {
      "mode": "managed",
      "type": "aws_network_interface",
      "name": "eni_0088f5ef3b59fb271",
      "provider": "provider[\"registry.terraform.io/hashicorp/aws\"]",
      "instances": [
        {
          "schema_version": 0,
          "attributes": {
            "arn": "arn:aws-us-gov:ec2:us-gov-west-1:050779347855:network-interface/eni-0088f5ef3b59fb271",
            "attachment": [
              {
                "attachment_id": "eni-attach-09c35db54f265e04e",
                "device_index": 1,
                "instance": ""
              }
            ],
            "description": "ELB app/awseb-AWSEB-9EQA00IFFDNV/51f5f97fcb37b814",
            "id": "eni-0088f5ef3b59fb271",
            "interface_type": "interface",
            "ipv4_prefix_count": 0,
            "ipv4_prefixes": [],
            "ipv6_address_count": 0,
            "ipv6_address_list": [],
            "ipv6_address_list_enabled": null,
            "ipv6_addresses": [],
            "ipv6_prefix_count": 0,
            "ipv6_prefixes": [],
            "mac_address": "0a:f6:a6:43:f9:10",
            "outpost_arn": "",
            "owner_id": "050779347855",
            "private_dns_name": "ip-10-21-173-200.us-gov-west-1.compute.internal",
            "private_ip": "10.21.173.200",
            "private_ip_list": [
              "10.21.173.200"
            ],
            "private_ip_list_enabled": null,
            "private_ips": [
              "10.21.173.200"
            ],
            "private_ips_count": 0,
            "security_groups": [
              "sg-0a8d1d3a2d1effe5d"
            ],
            "source_dest_check": true,
            "subnet_id": "subnet-076f8b852c6b60060",
            "tags": {},
            "tags_all": {}
          },
          "sensitive_attributes": []
        }
      ]
    },
    {
      "mode": "managed",
      "type": "aws_network_interface",
      "name": "eni_00a8f7f7073e71154",
      "provider": "provider[\"registry.terraform.io/hashicorp/aws\"]",
      "instances": [
        {
          "schema_version": 0,
          "attributes": {
            "arn": "arn:aws-us-gov:ec2:us-gov-west-1:050779347855:network-interface/eni-00a8f7f7073e71154",
            "attachment": [],
            "description": "ES shared-01",
            "id": "eni-00a8f7f7073e71154",
            "interface_type": "interface",
            "ipv4_prefix_count": 0,
            "ipv4_prefixes": [],
            "ipv6_address_count": 0,
            "ipv6_address_list": [],
            "ipv6_address_list_enabled": null,
            "ipv6_addresses": [],
            "ipv6_prefix_count": 0,
            "ipv6_prefixes": [],
            "mac_address": "06:6b:1e:a1:8d:b8",
            "outpost_arn": "",
            "owner_id": "050779347855",
            "private_dns_name": "ip-10-21-2-10.us-gov-west-1.compute.internal",
            "private_ip": "10.21.2.10",
            "private_ip_list": [
              "10.21.2.10"
            ],
            "private_ip_list_enabled": null,
            "private_ips": [
              "10.21.2.10"
            ],
            "private_ips_count": 0,
            "security_groups": [
              "sg-081ba48ae3370758b"
            ],
            "source_dest_check": true,
            "subnet_id": "subnet-04e27b7af0a76d7ee",
            "tags": {},
            "tags_all": {}
          },
          "sensitive_attributes": []
        }
      ]
    },
    {
      "mode": "managed",
      "type": "aws_network_interface",
      "name": "eni_00b71ce2bd08c3a19",
      "provider": "provider[\"registry.terraform.io/hashicorp/aws\"]",
      "instances": [
        {
          "schema_version": 0,
          "attributes": {
            "arn": "arn:aws-us-gov:ec2:us-gov-west-1:050779347855:network-interface/eni-00b71ce2bd08c3a19",
            "attachment": [],
            "description": "ES shared-01",
            "id": "eni-00b71ce2bd08c3a19",
            "interface_type": "interface",
            "ipv4_prefix_count": 0,
            "ipv4_prefixes": [],
            "ipv6_address_count": 0,
            "ipv6_address_list": [],
            "ipv6_address_list_enabled": null,
            "ipv6_addresses": [],
            "ipv6_prefix_count": 0,
            "ipv6_prefixes": [],
            "mac_address": "06:df:6f:75:63:ea",
            "outpost_arn": "",
            "owner_id": "050779347855",
            "private_dns_name": "ip-10-21-6-12.us-gov-west-1.compute.internal",
            "private_ip": "10.21.6.12",
            "private_ip_list": [
              "10.21.6.12"
            ],
            "private_ip_list_enabled": null,
            "private_ips": [
              "10.21.6.12"
            ],
            "private_ips_count": 0,
            "security_groups": [
              "sg-081ba48ae3370758b"
            ],
            "source_dest_check": true,
            "subnet_id": "subnet-04e27b7af0a76d7ee",
            "tags": {},
            "tags_all": {}
          },
          "sensitive_attributes": []
        }
      ]
    },
    {
      "mode": "managed",
      "type": "aws_network_interface",
      "name": "eni_00f1624f4c118bc2f",
      "provider": "provider[\"registry.terraform.io/hashicorp/aws\"]",
      "instances": [
        {
          "schema_version": 0,
          "attributes": {
            "arn": "arn:aws-us-gov:ec2:us-gov-west-1:050779347855:network-interface/eni-00f1624f4c118bc2f",
            "attachment": [
              {
                "attachment_id": "eni-attach-05a47e95946abbae1",
                "device_index": 1,
                "instance": ""
              }
            ],
            "description": "ELB app/awseb-AWSEB-DJD83A7DQHVI/b5d8f12b4fe75607",
            "id": "eni-00f1624f4c118bc2f",
            "interface_type": "interface",
            "ipv4_prefix_count": 0,
            "ipv4_prefixes": [],
            "ipv6_address_count": 0,
            "ipv6_address_list": [],
            "ipv6_address_list_enabled": null,
            "ipv6_addresses": [],
            "ipv6_prefix_count": 0,
            "ipv6_prefixes": [],
            "mac_address": "0a:35:27:cc:7d:8a",
            "outpost_arn": "",
            "owner_id": "050779347855",
            "private_dns_name": "ip-10-21-169-196.us-gov-west-1.compute.internal",
            "private_ip": "10.21.169.196",
            "private_ip_list": [
              "10.21.169.196"
            ],
            "private_ip_list_enabled": null,
            "private_ips": [
              "10.21.169.196"
            ],
            "private_ips_count": 0,
            "security_groups": [
              "sg-02b8e9f6f4fa195b6"
            ],
            "source_dest_check": true,
            "subnet_id": "subnet-076f8b852c6b60060",
            "tags": {},
            "tags_all": {}
          },
          "sensitive_attributes": []
        }
      ]
    },
    {
      "mode": "managed",
      "type": "aws_network_interface",
      "name": "eni_01103380198f6cd17",
      "provider": "provider[\"registry.terraform.io/hashicorp/aws\"]",
      "instances": [
        {
          "schema_version": 0,
          "attributes": {
            "arn": "arn:aws-us-gov:ec2:us-gov-west-1:050779347855:network-interface/eni-01103380198f6cd17",
            "attachment": [
              {
                "attachment_id": "eni-attach-0a8625d8a15b6c594",
                "device_index": 1,
                "instance": ""
              }
            ],
            "description": "ELB app/awseb-AWSEB-1T7NB5B3Y3A7K/10a543629c206331",
            "id": "eni-01103380198f6cd17",
            "interface_type": "interface",
            "ipv4_prefix_count": 0,
            "ipv4_prefixes": [],
            "ipv6_address_count": 0,
            "ipv6_address_list": [],
            "ipv6_address_list_enabled": null,
            "ipv6_addresses": [],
            "ipv6_prefix_count": 0,
            "ipv6_prefixes": [],
            "mac_address": "06:c5:fc:91:f1:72",
            "outpost_arn": "",
            "owner_id": "050779347855",
            "private_dns_name": "ip-10-21-134-138.us-gov-west-1.compute.internal",
            "private_ip": "10.21.134.138",
            "private_ip_list": [
              "10.21.134.138"
            ],
            "private_ip_list_enabled": null,
            "private_ips": [
              "10.21.134.138"
            ],
            "private_ips_count": 0,
            "security_groups": [
              "sg-0848e0e98be81d011"
            ],
            "source_dest_check": true,
            "subnet_id": "subnet-0680aa96bc65f072d",
            "tags": {},
            "tags_all": {}
          },
          "sensitive_attributes": []
        }
      ]
    },
    {
      "mode": "managed",
      "type": "aws_network_interface",
      "name": "eni_01555261326f3e7a1",
      "provider": "provider[\"registry.terraform.io/hashicorp/aws\"]",
      "instances": [
        {
          "schema_version": 0,
          "attributes": {
            "arn": "arn:aws-us-gov:ec2:us-gov-west-1:050779347855:network-interface/eni-01555261326f3e7a1",
            "attachment": [
              {
                "attachment_id": "eni-attach-01ba786fd3100013c",
                "device_index": 1,
                "instance": ""
              }
            ],
            "description": "ElastiCache gateway-redis-001",
            "id": "eni-01555261326f3e7a1",
            "interface_type": "interface",
            "ipv4_prefix_count": 0,
            "ipv4_prefixes": [],
            "ipv6_address_count": 0,
            "ipv6_address_list": [],
            "ipv6_address_list_enabled": null,
            "ipv6_addresses": [],
            "ipv6_prefix_count": 0,
            "ipv6_prefixes": [],
            "mac_address": "0a:bf:fa:5f:d0:48",
            "outpost_arn": "",
            "owner_id": "050779347855",
            "private_dns_name": "ip-10-21-78-31.us-gov-west-1.compute.internal",
            "private_ip": "10.21.78.31",
            "private_ip_list": [
              "10.21.78.31"
            ],
            "private_ip_list_enabled": null,
            "private_ips": [
              "10.21.78.31"
            ],
            "private_ips_count": 0,
            "security_groups": [
              "sg-0d25cb1fc58d097e9"
            ],
            "source_dest_check": true,
            "subnet_id": "subnet-096303542f2113a20",
            "tags": {},
            "tags_all": {}
          },
          "sensitive_attributes": []
        }
      ]
    },
    {
      "mode": "managed",
      "type": "aws_network_interface",
      "name": "eni_0158c7c2b8c825363",
      "provider": "provider[\"registry.terraform.io/hashicorp/aws\"]",
      "instances": [
        {
          "schema_version": 0,
          "attributes": {
            "arn": "arn:aws-us-gov:ec2:us-gov-west-1:050779347855:network-interface/eni-0158c7c2b8c825363",
            "attachment": [],
            "description": "ES shared-01",
            "id": "eni-0158c7c2b8c825363",
            "interface_type": "interface",
            "ipv4_prefix_count": 0,
            "ipv4_prefixes": [],
            "ipv6_address_count": 0,
            "ipv6_address_list": [],
            "ipv6_address_list_enabled": null,
            "ipv6_addresses": [],
            "ipv6_prefix_count": 0,
            "ipv6_prefixes": [],
            "mac_address": "02:5f:26:aa:52:5c",
            "outpost_arn": "",
            "owner_id": "050779347855",
            "private_dns_name": "ip-10-21-35-203.us-gov-west-1.compute.internal",
            "private_ip": "10.21.35.203",
            "private_ip_list": [
              "10.21.35.203"
            ],
            "private_ip_list_enabled": null,
            "private_ips": [
              "10.21.35.203"
            ],
            "private_ips_count": 0,
            "security_groups": [
              "sg-081ba48ae3370758b"
            ],
            "source_dest_check": true,
            "subnet_id": "subnet-05203dc92b0823553",
            "tags": {},
            "tags_all": {}
          },
          "sensitive_attributes": []
        }
      ]
    },
    {
      "mode": "managed",
      "type": "aws_network_interface",
      "name": "eni_0178a28865cd096d7",
      "provider": "provider[\"registry.terraform.io/hashicorp/aws\"]",
      "instances": [
        {
          "schema_version": 0,
          "attributes": {
            "arn": "arn:aws-us-gov:ec2:us-gov-west-1:050779347855:network-interface/eni-0178a28865cd096d7",
            "attachment": [
              {
                "attachment_id": "eni-attach-0f30409801f9f166a",
                "device_index": 1,
                "instance": ""
              }
            ],
            "description": "ElastiCache core-redis3-002",
            "id": "eni-0178a28865cd096d7",
            "interface_type": "interface",
            "ipv4_prefix_count": 0,
            "ipv4_prefixes": [],
            "ipv6_address_count": 0,
            "ipv6_address_list": [],
            "ipv6_address_list_enabled": null,
            "ipv6_addresses": [],
            "ipv6_prefix_count": 0,
            "ipv6_prefixes": [],
            "mac_address": "06:de:45:2c:61:90",
            "outpost_arn": "",
            "owner_id": "050779347855",
            "private_dns_name": "ip-10-21-24-1.us-gov-west-1.compute.internal",
            "private_ip": "10.21.24.1",
            "private_ip_list": [
              "10.21.24.1"
            ],
            "private_ip_list_enabled": null,
            "private_ips": [
              "10.21.24.1"
            ],
            "private_ips_count": 0,
            "security_groups": [
              "sg-0d25cb1fc58d097e9"
            ],
            "source_dest_check": true,
            "subnet_id": "subnet-04e27b7af0a76d7ee",
            "tags": {},
            "tags_all": {}
          },
          "sensitive_attributes": []
        }
      ]
    },
    {
      "mode": "managed",
      "type": "aws_network_interface",
      "name": "eni_01adea6004154003c",
      "provider": "provider[\"registry.terraform.io/hashicorp/aws\"]",
      "instances": [
        {
          "schema_version": 0,
          "attributes": {
            "arn": "arn:aws-us-gov:ec2:us-gov-west-1:050779347855:network-interface/eni-01adea6004154003c",
            "attachment": [
              {
                "attachment_id": "eni-attach-0df176ac950630433",
                "device_index": 0,
                "instance": "i-09e1671d59f89f16a"
              }
            ],
            "description": "",
            "id": "eni-01adea6004154003c",
            "interface_type": "interface",
            "ipv4_prefix_count": 0,
            "ipv4_prefixes": [],
            "ipv6_address_count": 0,
            "ipv6_address_list": [],
            "ipv6_address_list_enabled": null,
            "ipv6_addresses": [],
            "ipv6_prefix_count": 0,
            "ipv6_prefixes": [],
            "mac_address": "0a:f0:0d:5d:5f:0c",
            "outpost_arn": "",
            "owner_id": "050779347855",
            "private_dns_name": "ip-10-21-67-237.us-gov-west-1.compute.internal",
            "private_ip": "10.21.67.237",
            "private_ip_list": [
              "10.21.67.237"
            ],
            "private_ip_list_enabled": null,
            "private_ips": [
              "10.21.67.237"
            ],
            "private_ips_count": 0,
            "security_groups": [
              "sg-096a6ba8268eef3f6"
            ],
            "source_dest_check": true,
            "subnet_id": "subnet-096303542f2113a20",
            "tags": {},
            "tags_all": {}
          },
          "sensitive_attributes": []
        }
      ]
    },
    {
      "mode": "managed",
      "type": "aws_network_interface",
      "name": "eni_01b2001f9641d8294",
      "provider": "provider[\"registry.terraform.io/hashicorp/aws\"]",
      "instances": [
        {
          "schema_version": 0,
          "attributes": {
            "arn": "arn:aws-us-gov:ec2:us-gov-west-1:050779347855:network-interface/eni-01b2001f9641d8294",
            "attachment": [
              {
                "attachment_id": "eni-attach-07a5f0927eaaefd7d",
                "device_index": 1,
                "instance": ""
              }
            ],
            "description": "ELB app/awseb-AWSEB-15FYW3NG9H6DT/cbfd3b5d8a0420ba",
            "id": "eni-01b2001f9641d8294",
            "interface_type": "interface",
            "ipv4_prefix_count": 0,
            "ipv4_prefixes": [],
            "ipv6_address_count": 0,
            "ipv6_address_list": [],
            "ipv6_address_list_enabled": null,
            "ipv6_addresses": [],
            "ipv6_prefix_count": 0,
            "ipv6_prefixes": [],
            "mac_address": "06:45:a8:08:62:8c",
            "outpost_arn": "",
            "owner_id": "050779347855",
            "private_dns_name": "ip-10-21-129-8.us-gov-west-1.compute.internal",
            "private_ip": "10.21.129.8",
            "private_ip_list": [
              "10.21.129.8"
            ],
            "private_ip_list_enabled": null,
            "private_ips": [
              "10.21.129.8"
            ],
            "private_ips_count": 0,
            "security_groups": [
              "sg-0b827258e3f0559d8"
            ],
            "source_dest_check": true,
            "subnet_id": "subnet-0680aa96bc65f072d",
            "tags": {},
            "tags_all": {}
          },
          "sensitive_attributes": []
        }
      ]
    },
    {
      "mode": "managed",
      "type": "aws_network_interface",
      "name": "eni_01c6e5eedd01a0d77",
      "provider": "provider[\"registry.terraform.io/hashicorp/aws\"]",
      "instances": [
        {
          "schema_version": 0,
          "attributes": {
            "arn": "arn:aws-us-gov:ec2:us-gov-west-1:050779347855:network-interface/eni-01c6e5eedd01a0d77",
            "attachment": [
              {
                "attachment_id": "eni-attach-0a46b6d89e5bd122e",
                "device_index": 1,
                "instance": ""
              }
            ],
            "description": "ELB app/awseb-AWSEB-NDZP2R5I5BRY/7faab2bb314013fe",
            "id": "eni-01c6e5eedd01a0d77",
            "interface_type": "interface",
            "ipv4_prefix_count": 0,
            "ipv4_prefixes": [],
            "ipv6_address_count": 0,
            "ipv6_address_list": [],
            "ipv6_address_list_enabled": null,
            "ipv6_addresses": [],
            "ipv6_prefix_count": 0,
            "ipv6_prefixes": [],
            "mac_address": "06:91:bb:0c:7a:70",
            "outpost_arn": "",
            "owner_id": "050779347855",
            "private_dns_name": "ip-10-21-140-19.us-gov-west-1.compute.internal",
            "private_ip": "10.21.140.19",
            "private_ip_list": [
              "10.21.140.19"
            ],
            "private_ip_list_enabled": null,
            "private_ips": [
              "10.21.140.19"
            ],
            "private_ips_count": 0,
            "security_groups": [
              "sg-006b0c4ba4ce0eed7"
            ],
            "source_dest_check": true,
            "subnet_id": "subnet-0680aa96bc65f072d",
            "tags": {},
            "tags_all": {}
          },
          "sensitive_attributes": []
        }
      ]
    },
    {
      "mode": "managed",
      "type": "aws_network_interface",
      "name": "eni_01d3935cb6f444a6e",
      "provider": "provider[\"registry.terraform.io/hashicorp/aws\"]",
      "instances": [
        {
          "schema_version": 0,
          "attributes": {
            "arn": "arn:aws-us-gov:ec2:us-gov-west-1:050779347855:network-interface/eni-01d3935cb6f444a6e",
            "attachment": [
              {
                "attachment_id": "eni-attach-0129705681ccf963b",
                "device_index": 0,
                "instance": "i-0c4491f6c55c90557"
              }
            ],
            "description": "",
            "id": "eni-01d3935cb6f444a6e",
            "interface_type": "interface",
            "ipv4_prefix_count": 0,
            "ipv4_prefixes": [],
            "ipv6_address_count": 0,
            "ipv6_address_list": [],
            "ipv6_address_list_enabled": null,
            "ipv6_addresses": [],
            "ipv6_prefix_count": 0,
            "ipv6_prefixes": [],
            "mac_address": "02:c0:4c:ab:38:fc",
            "outpost_arn": "",
            "owner_id": "050779347855",
            "private_dns_name": "ip-10-21-46-82.us-gov-west-1.compute.internal",
            "private_ip": "10.21.46.82",
            "private_ip_list": [
              "10.21.46.82"
            ],
            "private_ip_list_enabled": null,
            "private_ips": [
              "10.21.46.82"
            ],
            "private_ips_count": 0,
            "security_groups": [
              "sg-0d799b653c4043218"
            ],
            "source_dest_check": true,
            "subnet_id": "subnet-05203dc92b0823553",
            "tags": {},
            "tags_all": {}
          },
          "sensitive_attributes": []
        }
      ]
    },
    {
      "mode": "managed",
      "type": "aws_network_interface",
      "name": "eni_01ef0c5e21b5c60d0",
      "provider": "provider[\"registry.terraform.io/hashicorp/aws\"]",
      "instances": [
        {
          "schema_version": 0,
          "attributes": {
            "arn": "arn:aws-us-gov:ec2:us-gov-west-1:050779347855:network-interface/eni-01ef0c5e21b5c60d0",
            "attachment": [
              {
                "attachment_id": "eni-attach-03c6be3bc43137036",
                "device_index": 1,
                "instance": ""
              }
            ],
            "description": "ELB app/awseb-AWSEB-15X3QV41KCHP8/1084d67b6e605d54",
            "id": "eni-01ef0c5e21b5c60d0",
            "interface_type": "interface",
            "ipv4_prefix_count": 0,
            "ipv4_prefixes": [],
            "ipv6_address_count": 0,
            "ipv6_address_list": [],
            "ipv6_address_list_enabled": null,
            "ipv6_addresses": [],
            "ipv6_prefix_count": 0,
            "ipv6_prefixes": [],
            "mac_address": "0a:01:d6:27:2d:96",
            "outpost_arn": "",
            "owner_id": "050779347855",
            "private_dns_name": "ip-10-21-165-145.us-gov-west-1.compute.internal",
            "private_ip": "10.21.165.145",
            "private_ip_list": [
              "10.21.165.145"
            ],
            "private_ip_list_enabled": null,
            "private_ips": [
              "10.21.165.145"
            ],
            "private_ips_count": 0,
            "security_groups": [
              "sg-0ab678abfaabcacf3"
            ],
            "source_dest_check": true,
            "subnet_id": "subnet-076f8b852c6b60060",
            "tags": {},
            "tags_all": {}
          },
          "sensitive_attributes": []
        }
      ]
    },
    {
      "mode": "managed",
      "type": "aws_network_interface",
      "name": "eni_01ffb564eac20c693",
      "provider": "provider[\"registry.terraform.io/hashicorp/aws\"]",
      "instances": [
        {
          "schema_version": 0,
          "attributes": {
            "arn": "arn:aws-us-gov:ec2:us-gov-west-1:050779347855:network-interface/eni-01ffb564eac20c693",
            "attachment": [
              {
                "attachment_id": "eni-attach-0065664dfb9dbc269",
                "device_index": 1,
                "instance": ""
              }
            ],
            "description": "ELB app/awseb-AWSEB-15FYW3NG9H6DT/cbfd3b5d8a0420ba",
            "id": "eni-01ffb564eac20c693",
            "interface_type": "interface",
            "ipv4_prefix_count": 0,
            "ipv4_prefixes": [],
            "ipv6_address_count": 0,
            "ipv6_address_list": [],
            "ipv6_address_list_enabled": null,
            "ipv6_addresses": [],
            "ipv6_prefix_count": 0,
            "ipv6_prefixes": [],
            "mac_address": "0a:e7:9e:96:07:84",
            "outpost_arn": "",
            "owner_id": "050779347855",
            "private_dns_name": "ip-10-21-171-148.us-gov-west-1.compute.internal",
            "private_ip": "10.21.171.148",
            "private_ip_list": [
              "10.21.171.148"
            ],
            "private_ip_list_enabled": null,
            "private_ips": [
              "10.21.171.148"
            ],
            "private_ips_count": 0,
            "security_groups": [
              "sg-0b827258e3f0559d8"
            ],
            "source_dest_check": true,
            "subnet_id": "subnet-076f8b852c6b60060",
            "tags": {},
            "tags_all": {}
          },
          "sensitive_attributes": []
        }
      ]
    },
    {
      "mode": "managed",
      "type": "aws_network_interface",
      "name": "eni_0296eee65209948e3",
      "provider": "provider[\"registry.terraform.io/hashicorp/aws\"]",
      "instances": [
        {
          "schema_version": 0,
          "attributes": {
            "arn": "arn:aws-us-gov:ec2:us-gov-west-1:050779347855:network-interface/eni-0296eee65209948e3",
            "attachment": [
              {
                "attachment_id": "ela-attach-0ea6b4a0c3e005e9a",
                "device_index": 1,
                "instance": ""
              }
            ],
            "description": "AWS Lambda VPC ENI-identity-saveSignInEvent-cc303349-6129-43f4-9d7c-cd0fd0d3e1ee",
            "id": "eni-0296eee65209948e3",
            "interface_type": "lambda",
            "ipv4_prefix_count": 0,
            "ipv4_prefixes": [],
            "ipv6_address_count": 0,
            "ipv6_address_list": [],
            "ipv6_address_list_enabled": null,
            "ipv6_addresses": [],
            "ipv6_prefix_count": 0,
            "ipv6_prefixes": [],
            "mac_address": "02:0b:c7:b3:23:72",
            "outpost_arn": "",
            "owner_id": "050779347855",
            "private_dns_name": "ip-10-21-61-97.us-gov-west-1.compute.internal",
            "private_ip": "10.21.61.97",
            "private_ip_list": [
              "10.21.61.97"
            ],
            "private_ip_list_enabled": null,
            "private_ips": [
              "10.21.61.97"
            ],
            "private_ips_count": 0,
            "security_groups": [
              "sg-05da8fce7414d294c"
            ],
            "source_dest_check": true,
            "subnet_id": "subnet-05203dc92b0823553",
            "tags": {},
            "tags_all": {}
          },
          "sensitive_attributes": []
        }
      ]
    },
    {
      "mode": "managed",
      "type": "aws_network_interface",
      "name": "eni_02a6e66345799e244",
      "provider": "provider[\"registry.terraform.io/hashicorp/aws\"]",
      "instances": [
        {
          "schema_version": 0,
          "attributes": {
            "arn": "arn:aws-us-gov:ec2:us-gov-west-1:050779347855:network-interface/eni-02a6e66345799e244",
            "attachment": [
              {
                "attachment_id": "eni-attach-03b50552909b42799",
                "device_index": 1,
                "instance": ""
              }
            ],
            "description": "ELB app/awseb-AWSEB-NDZP2R5I5BRY/7faab2bb314013fe",
            "id": "eni-02a6e66345799e244",
            "interface_type": "interface",
            "ipv4_prefix_count": 0,
            "ipv4_prefixes": [],
            "ipv6_address_count": 0,
            "ipv6_address_list": [],
            "ipv6_address_list_enabled": null,
            "ipv6_addresses": [],
            "ipv6_prefix_count": 0,
            "ipv6_prefixes": [],
            "mac_address": "02:ae:10:79:46:c2",
            "outpost_arn": "",
            "owner_id": "050779347855",
            "private_dns_name": "ip-10-21-149-63.us-gov-west-1.compute.internal",
            "private_ip": "10.21.149.63",
            "private_ip_list": [
              "10.21.149.63"
            ],
            "private_ip_list_enabled": null,
            "private_ips": [
              "10.21.149.63"
            ],
            "private_ips_count": 0,
            "security_groups": [
              "sg-006b0c4ba4ce0eed7"
            ],
            "source_dest_check": true,
            "subnet_id": "subnet-07402e5b661b23bec",
            "tags": {},
            "tags_all": {}
          },
          "sensitive_attributes": []
        }
      ]
    },
    {
      "mode": "managed",
      "type": "aws_network_interface",
      "name": "eni_02c8e8b016c7041d9",
      "provider": "provider[\"registry.terraform.io/hashicorp/aws\"]",
      "instances": [
        {
          "schema_version": 0,
          "attributes": {
            "arn": "arn:aws-us-gov:ec2:us-gov-west-1:050779347855:network-interface/eni-02c8e8b016c7041d9",
            "attachment": [
              {
                "attachment_id": "eni-attach-00b0b1db0cfb92e4d",
                "device_index": 1,
                "instance": ""
              }
            ],
            "description": "ELB app/awseb-AWSEB-1SO91UM91RWQI/cbdd962b7a7db8ab",
            "id": "eni-02c8e8b016c7041d9",
            "interface_type": "interface",
            "ipv4_prefix_count": 0,
            "ipv4_prefixes": [],
            "ipv6_address_count": 0,
            "ipv6_address_list": [],
            "ipv6_address_list_enabled": null,
            "ipv6_addresses": [],
            "ipv6_prefix_count": 0,
            "ipv6_prefixes": [],
            "mac_address": "0a:b7:91:0e:ff:20",
            "outpost_arn": "",
            "owner_id": "050779347855",
            "private_dns_name": "ip-10-21-166-141.us-gov-west-1.compute.internal",
            "private_ip": "10.21.166.141",
            "private_ip_list": [
              "10.21.166.141"
            ],
            "private_ip_list_enabled": null,
            "private_ips": [
              "10.21.166.141"
            ],
            "private_ips_count": 0,
            "security_groups": [
              "sg-0e3da0334f6f1024d"
            ],
            "source_dest_check": true,
            "subnet_id": "subnet-076f8b852c6b60060",
            "tags": {},
            "tags_all": {}
          },
          "sensitive_attributes": []
        }
      ]
    },
    {
      "mode": "managed",
      "type": "aws_network_interface",
      "name": "eni_02cafd12a28c4aba7",
      "provider": "provider[\"registry.terraform.io/hashicorp/aws\"]",
      "instances": [
        {
          "schema_version": 0,
          "attributes": {
            "arn": "arn:aws-us-gov:ec2:us-gov-west-1:050779347855:network-interface/eni-02cafd12a28c4aba7",
            "attachment": [],
            "description": "ES shared-02",
            "id": "eni-02cafd12a28c4aba7",
            "interface_type": "interface",
            "ipv4_prefix_count": 0,
            "ipv4_prefixes": [],
            "ipv6_address_count": 0,
            "ipv6_address_list": [],
            "ipv6_address_list_enabled": null,
            "ipv6_addresses": [],
            "ipv6_prefix_count": 0,
            "ipv6_prefixes": [],
            "mac_address": "02:12:60:9e:00:78",
            "outpost_arn": "",
            "owner_id": "050779347855",
            "private_dns_name": "ip-10-21-63-45.us-gov-west-1.compute.internal",
            "private_ip": "10.21.63.45",
            "private_ip_list": [
              "10.21.63.45"
            ],
            "private_ip_list_enabled": null,
            "private_ips": [
              "10.21.63.45"
            ],
            "private_ips_count": 0,
            "security_groups": [
              "sg-09655a5d35c96b651"
            ],
            "source_dest_check": true,
            "subnet_id": "subnet-05203dc92b0823553",
            "tags": {},
            "tags_all": {}
          },
          "sensitive_attributes": []
        }
      ]
    },
    {
      "mode": "managed",
      "type": "aws_network_interface",
      "name": "eni_02d82443ae6327f9f",
      "provider": "provider[\"registry.terraform.io/hashicorp/aws\"]",
      "instances": [
        {
          "schema_version": 0,
          "attributes": {
            "arn": "arn:aws-us-gov:ec2:us-gov-west-1:050779347855:network-interface/eni-02d82443ae6327f9f",
            "attachment": [
              {
                "attachment_id": "eni-attach-09a8e08b295749687",
                "device_index": 0,
                "instance": "i-03eb275e893951265"
              }
            ],
            "description": "",
            "id": "eni-02d82443ae6327f9f",
            "interface_type": "interface",
            "ipv4_prefix_count": 0,
            "ipv4_prefixes": [],
            "ipv6_address_count": 0,
            "ipv6_address_list": [],
            "ipv6_address_list_enabled": null,
            "ipv6_addresses": [],
            "ipv6_prefix_count": 0,
            "ipv6_prefixes": [],
            "mac_address": "02:db:14:4a:67:56",
            "outpost_arn": "",
            "owner_id": "050779347855",
            "private_dns_name": "ip-10-21-37-145.us-gov-west-1.compute.internal",
            "private_ip": "10.21.37.145",
            "private_ip_list": [
              "10.21.37.145"
            ],
            "private_ip_list_enabled": null,
            "private_ips": [
              "10.21.37.145"
            ],
            "private_ips_count": 0,
            "security_groups": [
              "sg-0c57e293d12c4ba08"
            ],
            "source_dest_check": true,
            "subnet_id": "subnet-05203dc92b0823553",
            "tags": {},
            "tags_all": {}
          },
          "sensitive_attributes": []
        }
      ]
    },
    {
      "mode": "managed",
      "type": "aws_network_interface",
      "name": "eni_02e41ea436adbd7f1",
      "provider": "provider[\"registry.terraform.io/hashicorp/aws\"]",
      "instances": [
        {
          "schema_version": 0,
          "attributes": {
            "arn": "arn:aws-us-gov:ec2:us-gov-west-1:050779347855:network-interface/eni-02e41ea436adbd7f1",
            "attachment": [
              {
                "attachment_id": "eni-attach-0e3241a96b939437f",
                "device_index": 1,
                "instance": ""
              }
            ],
            "description": "ELB app/awseb-AWSEB-1MDXACYOB2IRQ/56ec1770c583c5c0",
            "id": "eni-02e41ea436adbd7f1",
            "interface_type": "interface",
            "ipv4_prefix_count": 0,
            "ipv4_prefixes": [],
            "ipv6_address_count": 0,
            "ipv6_address_list": [],
            "ipv6_address_list_enabled": null,
            "ipv6_addresses": [],
            "ipv6_prefix_count": 0,
            "ipv6_prefixes": [],
            "mac_address": "02:55:f4:79:03:a8",
            "outpost_arn": "",
            "owner_id": "050779347855",
            "private_dns_name": "ip-10-21-150-185.us-gov-west-1.compute.internal",
            "private_ip": "10.21.150.185",
            "private_ip_list": [
              "10.21.150.185"
            ],
            "private_ip_list_enabled": null,
            "private_ips": [
              "10.21.150.185"
            ],
            "private_ips_count": 0,
            "security_groups": [
              "sg-00e4e569f9e6920de"
            ],
            "source_dest_check": true,
            "subnet_id": "subnet-07402e5b661b23bec",
            "tags": {},
            "tags_all": {}
          },
          "sensitive_attributes": []
        }
      ]
    },
    {
      "mode": "managed",
      "type": "aws_network_interface",
      "name": "eni_031edba57a140755f",
      "provider": "provider[\"registry.terraform.io/hashicorp/aws\"]",
      "instances": [
        {
          "schema_version": 0,
          "attributes": {
            "arn": "arn:aws-us-gov:ec2:us-gov-west-1:050779347855:network-interface/eni-031edba57a140755f",
            "attachment": [
              {
                "attachment_id": "ela-attach-09418645a47114756",
                "device_index": 1,
                "instance": ""
              }
            ],
            "description": "AWS Lambda VPC ENI-identity-saveSignInEvent-d72829dc-bae5-4176-97d6-faec32e6f084",
            "id": "eni-031edba57a140755f",
            "interface_type": "lambda",
            "ipv4_prefix_count": 0,
            "ipv4_prefixes": [],
            "ipv6_address_count": 0,
            "ipv6_address_list": [],
            "ipv6_address_list_enabled": null,
            "ipv6_addresses": [],
            "ipv6_prefix_count": 0,
            "ipv6_prefixes": [],
            "mac_address": "0a:66:1c:eb:91:9e",
            "outpost_arn": "",
            "owner_id": "050779347855",
            "private_dns_name": "ip-10-21-92-221.us-gov-west-1.compute.internal",
            "private_ip": "10.21.92.221",
            "private_ip_list": [
              "10.21.92.221"
            ],
            "private_ip_list_enabled": null,
            "private_ips": [
              "10.21.92.221"
            ],
            "private_ips_count": 0,
            "security_groups": [
              "sg-05da8fce7414d294c"
            ],
            "source_dest_check": true,
            "subnet_id": "subnet-096303542f2113a20",
            "tags": {},
            "tags_all": {}
          },
          "sensitive_attributes": []
        }
      ]
    },
    {
      "mode": "managed",
      "type": "aws_network_interface",
      "name": "eni_032278d878fc0bde4",
      "provider": "provider[\"registry.terraform.io/hashicorp/aws\"]",
      "instances": [
        {
          "schema_version": 0,
          "attributes": {
            "arn": "arn:aws-us-gov:ec2:us-gov-west-1:050779347855:network-interface/eni-032278d878fc0bde4",
            "attachment": [
              {
                "attachment_id": "eni-attach-0676e4305464ee4ed",
                "device_index": 1,
                "instance": ""
              }
            ],
            "description": "ELB app/awseb-AWSEB-1MDXACYOB2IRQ/56ec1770c583c5c0",
            "id": "eni-032278d878fc0bde4",
            "interface_type": "interface",
            "ipv4_prefix_count": 0,
            "ipv4_prefixes": [],
            "ipv6_address_count": 0,
            "ipv6_address_list": [],
            "ipv6_address_list_enabled": null,
            "ipv6_addresses": [],
            "ipv6_prefix_count": 0,
            "ipv6_prefixes": [],
            "mac_address": "0a:54:d7:ae:2c:7c",
            "outpost_arn": "",
            "owner_id": "050779347855",
            "private_dns_name": "ip-10-21-161-170.us-gov-west-1.compute.internal",
            "private_ip": "10.21.161.170",
            "private_ip_list": [
              "10.21.161.170"
            ],
            "private_ip_list_enabled": null,
            "private_ips": [
              "10.21.161.170"
            ],
            "private_ips_count": 0,
            "security_groups": [
              "sg-00e4e569f9e6920de"
            ],
            "source_dest_check": true,
            "subnet_id": "subnet-076f8b852c6b60060",
            "tags": {},
            "tags_all": {}
          },
          "sensitive_attributes": []
        }
      ]
    },
    {
      "mode": "managed",
      "type": "aws_network_interface",
      "name": "eni_037eeb6be648082b6",
      "provider": "provider[\"registry.terraform.io/hashicorp/aws\"]",
      "instances": [
        {
          "schema_version": 0,
          "attributes": {
            "arn": "arn:aws-us-gov:ec2:us-gov-west-1:050779347855:network-interface/eni-037eeb6be648082b6",
            "attachment": [
              {
                "attachment_id": "eni-attach-0ccfde2e25bd8c8b2",
                "device_index": 0,
                "instance": "i-0218964c46045b5ed"
              }
            ],
            "description": "",
            "id": "eni-037eeb6be648082b6",
            "interface_type": "interface",
            "ipv4_prefix_count": 0,
            "ipv4_prefixes": [],
            "ipv6_address_count": 0,
            "ipv6_address_list": [],
            "ipv6_address_list_enabled": null,
            "ipv6_addresses": [],
            "ipv6_prefix_count": 0,
            "ipv6_prefixes": [],
            "mac_address": "02:3e:33:72:c2:26",
            "outpost_arn": "",
            "owner_id": "050779347855",
            "private_dns_name": "ip-10-21-59-129.us-gov-west-1.compute.internal",
            "private_ip": "10.21.59.129",
            "private_ip_list": [
              "10.21.59.129"
            ],
            "private_ip_list_enabled": null,
            "private_ips": [
              "10.21.59.129"
            ],
            "private_ips_count": 0,
            "security_groups": [
              "sg-0c1125388a56a7f34"
            ],
            "source_dest_check": true,
            "subnet_id": "subnet-05203dc92b0823553",
            "tags": {},
            "tags_all": {}
          },
          "sensitive_attributes": []
        }
      ]
    },
    {
      "mode": "managed",
      "type": "aws_network_interface",
      "name": "eni_03969871f6b5dd0e2",
      "provider": "provider[\"registry.terraform.io/hashicorp/aws\"]",
      "instances": [
        {
          "schema_version": 0,
          "attributes": {
            "arn": "arn:aws-us-gov:ec2:us-gov-west-1:050779347855:network-interface/eni-03969871f6b5dd0e2",
            "attachment": [
              {
                "attachment_id": "eni-attach-0afbadfc732a1269f",
                "device_index": 0,
                "instance": "i-0262933b142ba0db1"
              }
            ],
            "description": "",
            "id": "eni-03969871f6b5dd0e2",
            "interface_type": "interface",
            "ipv4_prefix_count": 0,
            "ipv4_prefixes": [],
            "ipv6_address_count": 0,
            "ipv6_address_list": [],
            "ipv6_address_list_enabled": null,
            "ipv6_addresses": [],
            "ipv6_prefix_count": 0,
            "ipv6_prefixes": [],
            "mac_address": "0a:c5:ac:f4:90:30",
            "outpost_arn": "",
            "owner_id": "050779347855",
            "private_dns_name": "ip-10-21-84-169.us-gov-west-1.compute.internal",
            "private_ip": "10.21.84.169",
            "private_ip_list": [
              "10.21.84.169"
            ],
            "private_ip_list_enabled": null,
            "private_ips": [
              "10.21.84.169"
            ],
            "private_ips_count": 0,
            "security_groups": [
              "sg-026b3cb094746c939"
            ],
            "source_dest_check": true,
            "subnet_id": "subnet-096303542f2113a20",
            "tags": {},
            "tags_all": {}
          },
          "sensitive_attributes": []
        }
      ]
    },
    {
      "mode": "managed",
      "type": "aws_network_interface",
      "name": "eni_03e0ae2447d23ba54",
      "provider": "provider[\"registry.terraform.io/hashicorp/aws\"]",
      "instances": [
        {
          "schema_version": 0,
          "attributes": {
            "arn": "arn:aws-us-gov:ec2:us-gov-west-1:050779347855:network-interface/eni-03e0ae2447d23ba54",
            "attachment": [
              {
                "attachment_id": "eni-attach-0bf9c4bdbb23d749a",
                "device_index": 1,
                "instance": ""
              }
            ],
            "description": "ELB app/awseb-AWSEB-15X3QV41KCHP8/1084d67b6e605d54",
            "id": "eni-03e0ae2447d23ba54",
            "interface_type": "interface",
            "ipv4_prefix_count": 0,
            "ipv4_prefixes": [],
            "ipv6_address_count": 0,
            "ipv6_address_list": [],
            "ipv6_address_list_enabled": null,
            "ipv6_addresses": [],
            "ipv6_prefix_count": 0,
            "ipv6_prefixes": [],
            "mac_address": "06:61:4f:12:c8:b0",
            "outpost_arn": "",
            "owner_id": "050779347855",
            "private_dns_name": "ip-10-21-133-187.us-gov-west-1.compute.internal",
            "private_ip": "10.21.133.187",
            "private_ip_list": [
              "10.21.133.187"
            ],
            "private_ip_list_enabled": null,
            "private_ips": [
              "10.21.133.187"
            ],
            "private_ips_count": 0,
            "security_groups": [
              "sg-0ab678abfaabcacf3"
            ],
            "source_dest_check": true,
            "subnet_id": "subnet-0680aa96bc65f072d",
            "tags": {},
            "tags_all": {}
          },
          "sensitive_attributes": []
        }
      ]
    },
    {
      "mode": "managed",
      "type": "aws_network_interface",
      "name": "eni_03e33fa183b7d0b10",
      "provider": "provider[\"registry.terraform.io/hashicorp/aws\"]",
      "instances": [
        {
          "schema_version": 0,
          "attributes": {
            "arn": "arn:aws-us-gov:ec2:us-gov-west-1:050779347855:network-interface/eni-03e33fa183b7d0b10",
            "attachment": [
              {
                "attachment_id": "eni-attach-0f0f8e976cf25fb3b",
                "device_index": 1,
                "instance": ""
              }
            ],
            "description": "ELB app/awseb-AWSEB-1T7NB5B3Y3A7K/10a543629c206331",
            "id": "eni-03e33fa183b7d0b10",
            "interface_type": "interface",
            "ipv4_prefix_count": 0,
            "ipv4_prefixes": [],
            "ipv6_address_count": 0,
            "ipv6_address_list": [],
            "ipv6_address_list_enabled": null,
            "ipv6_addresses": [],
            "ipv6_prefix_count": 0,
            "ipv6_prefixes": [],
            "mac_address": "02:aa:27:ec:29:5e",
            "outpost_arn": "",
            "owner_id": "050779347855",
            "private_dns_name": "ip-10-21-155-244.us-gov-west-1.compute.internal",
            "private_ip": "10.21.155.244",
            "private_ip_list": [
              "10.21.155.244"
            ],
            "private_ip_list_enabled": null,
            "private_ips": [
              "10.21.155.244"
            ],
            "private_ips_count": 0,
            "security_groups": [
              "sg-0848e0e98be81d011"
            ],
            "source_dest_check": true,
            "subnet_id": "subnet-07402e5b661b23bec",
            "tags": {},
            "tags_all": {}
          },
          "sensitive_attributes": []
        }
      ]
    },
    {
      "mode": "managed",
      "type": "aws_network_interface",
      "name": "eni_03f17f56fc8591659",
      "provider": "provider[\"registry.terraform.io/hashicorp/aws\"]",
      "instances": [
        {
          "schema_version": 0,
          "attributes": {
            "arn": "arn:aws-us-gov:ec2:us-gov-west-1:050779347855:network-interface/eni-03f17f56fc8591659",
            "attachment": [
              {
                "attachment_id": "eni-attach-0e6c68f7a7d7996d7",
                "device_index": 0,
                "instance": "i-054e9f5b39c2bb58e"
              }
            ],
            "description": "",
            "id": "eni-03f17f56fc8591659",
            "interface_type": "interface",
            "ipv4_prefix_count": 0,
            "ipv4_prefixes": [],
            "ipv6_address_count": 0,
            "ipv6_address_list": [],
            "ipv6_address_list_enabled": null,
            "ipv6_addresses": [],
            "ipv6_prefix_count": 0,
            "ipv6_prefixes": [],
            "mac_address": "02:cd:11:2b:ee:c0",
            "outpost_arn": "",
            "owner_id": "050779347855",
            "private_dns_name": "ip-10-21-60-71.us-gov-west-1.compute.internal",
            "private_ip": "10.21.60.71",
            "private_ip_list": [
              "10.21.60.71"
            ],
            "private_ip_list_enabled": null,
            "private_ips": [
              "10.21.60.71"
            ],
            "private_ips_count": 0,
            "security_groups": [
              "sg-0615d31b0d6d092d3"
            ],
            "source_dest_check": true,
            "subnet_id": "subnet-05203dc92b0823553",
            "tags": {},
            "tags_all": {}
          },
          "sensitive_attributes": []
        }
      ]
    },
    {
      "mode": "managed",
      "type": "aws_network_interface",
      "name": "eni_04461607c3bb6893c",
      "provider": "provider[\"registry.terraform.io/hashicorp/aws\"]",
      "instances": [
        {
          "schema_version": 0,
          "attributes": {
            "arn": "arn:aws-us-gov:ec2:us-gov-west-1:050779347855:network-interface/eni-04461607c3bb6893c",
            "attachment": [
              {
                "attachment_id": "eni-attach-08ca993ea66c31a08",
                "device_index": 1,
                "instance": ""
              }
            ],
            "description": "ELB app/awseb-AWSEB-19VCM7V6OTYWF/116e9152168e13d3",
            "id": "eni-04461607c3bb6893c",
            "interface_type": "interface",
            "ipv4_prefix_count": 0,
            "ipv4_prefixes": [],
            "ipv6_address_count": 0,
            "ipv6_address_list": [],
            "ipv6_address_list_enabled": null,
            "ipv6_addresses": [],
            "ipv6_prefix_count": 0,
            "ipv6_prefixes": [],
            "mac_address": "0a:03:cd:96:92:fc",
            "outpost_arn": "",
            "owner_id": "050779347855",
            "private_dns_name": "ip-10-21-166-154.us-gov-west-1.compute.internal",
            "private_ip": "10.21.166.154",
            "private_ip_list": [
              "10.21.166.154"
            ],
            "private_ip_list_enabled": null,
            "private_ips": [
              "10.21.166.154"
            ],
            "private_ips_count": 0,
            "security_groups": [
              "sg-01c091d8d9e740817"
            ],
            "source_dest_check": true,
            "subnet_id": "subnet-076f8b852c6b60060",
            "tags": {},
            "tags_all": {}
          },
          "sensitive_attributes": []
        }
      ]
    },
    {
      "mode": "managed",
      "type": "aws_network_interface",
      "name": "eni_0455b94ce551f4920",
      "provider": "provider[\"registry.terraform.io/hashicorp/aws\"]",
      "instances": [
        {
          "schema_version": 0,
          "attributes": {
            "arn": "arn:aws-us-gov:ec2:us-gov-west-1:050779347855:network-interface/eni-0455b94ce551f4920",
            "attachment": [
              {
                "attachment_id": "eni-attach-0dbc09407c45f183a",
                "device_index": 1,
                "instance": ""
              }
            ],
            "description": "ES shared-02",
            "id": "eni-0455b94ce551f4920",
            "interface_type": "interface",
            "ipv4_prefix_count": 0,
            "ipv4_prefixes": [],
            "ipv6_address_count": 0,
            "ipv6_address_list": [],
            "ipv6_address_list_enabled": null,
            "ipv6_addresses": [],
            "ipv6_prefix_count": 0,
            "ipv6_prefixes": [],
            "mac_address": "02:e7:9b:99:cd:74",
            "outpost_arn": "",
            "owner_id": "050779347855",
            "private_dns_name": "ip-10-21-37-69.us-gov-west-1.compute.internal",
            "private_ip": "10.21.37.69",
            "private_ip_list": [
              "10.21.37.69"
            ],
            "private_ip_list_enabled": null,
            "private_ips": [
              "10.21.37.69"
            ],
            "private_ips_count": 0,
            "security_groups": [
              "sg-09655a5d35c96b651"
            ],
            "source_dest_check": true,
            "subnet_id": "subnet-05203dc92b0823553",
            "tags": {},
            "tags_all": {}
          },
          "sensitive_attributes": []
        }
      ]
    },
    {
      "mode": "managed",
      "type": "aws_network_interface",
      "name": "eni_047eba19851353a52",
      "provider": "provider[\"registry.terraform.io/hashicorp/aws\"]",
      "instances": [
        {
          "schema_version": 0,
          "attributes": {
            "arn": "arn:aws-us-gov:ec2:us-gov-west-1:050779347855:network-interface/eni-047eba19851353a52",
            "attachment": [
              {
                "attachment_id": "eni-attach-02e00559bf9a0d97b",
                "device_index": 1,
                "instance": ""
              }
            ],
            "description": "ELB app/awseb-AWSEB-61URVRH00UCZ/e8a05fbdccebe16e",
            "id": "eni-047eba19851353a52",
            "interface_type": "interface",
            "ipv4_prefix_count": 0,
            "ipv4_prefixes": [],
            "ipv6_address_count": 0,
            "ipv6_address_list": [],
            "ipv6_address_list_enabled": null,
            "ipv6_addresses": [],
            "ipv6_prefix_count": 0,
            "ipv6_prefixes": [],
            "mac_address": "0a:4a:ef:f4:0f:bc",
            "outpost_arn": "",
            "owner_id": "050779347855",
            "private_dns_name": "ip-10-21-168-5.us-gov-west-1.compute.internal",
            "private_ip": "10.21.168.5",
            "private_ip_list": [
              "10.21.168.5"
            ],
            "private_ip_list_enabled": null,
            "private_ips": [
              "10.21.168.5"
            ],
            "private_ips_count": 0,
            "security_groups": [
              "sg-0e07dcad269bc9148"
            ],
            "source_dest_check": true,
            "subnet_id": "subnet-076f8b852c6b60060",
            "tags": {},
            "tags_all": {}
          },
          "sensitive_attributes": []
        }
      ]
    },
    {
      "mode": "managed",
      "type": "aws_network_interface",
      "name": "eni_04bec1eb62c1cd8f0",
      "provider": "provider[\"registry.terraform.io/hashicorp/aws\"]",
      "instances": [
        {
          "schema_version": 0,
          "attributes": {
            "arn": "arn:aws-us-gov:ec2:us-gov-west-1:050779347855:network-interface/eni-04bec1eb62c1cd8f0",
            "attachment": [],
            "description": "ES shared-02",
            "id": "eni-04bec1eb62c1cd8f0",
            "interface_type": "interface",
            "ipv4_prefix_count": 0,
            "ipv4_prefixes": [],
            "ipv6_address_count": 0,
            "ipv6_address_list": [],
            "ipv6_address_list_enabled": null,
            "ipv6_addresses": [],
            "ipv6_prefix_count": 0,
            "ipv6_prefixes": [],
            "mac_address": "0a:b7:ec:d1:0a:70",
            "outpost_arn": "",
            "owner_id": "050779347855",
            "private_dns_name": "ip-10-21-88-174.us-gov-west-1.compute.internal",
            "private_ip": "10.21.88.174",
            "private_ip_list": [
              "10.21.88.174"
            ],
            "private_ip_list_enabled": null,
            "private_ips": [
              "10.21.88.174"
            ],
            "private_ips_count": 0,
            "security_groups": [
              "sg-09655a5d35c96b651"
            ],
            "source_dest_check": true,
            "subnet_id": "subnet-096303542f2113a20",
            "tags": {},
            "tags_all": {}
          },
          "sensitive_attributes": []
        }
      ]
    },
    {
      "mode": "managed",
      "type": "aws_network_interface",
      "name": "eni_04dad6a8d52a17978",
      "provider": "provider[\"registry.terraform.io/hashicorp/aws\"]",
      "instances": [
        {
          "schema_version": 0,
          "attributes": {
            "arn": "arn:aws-us-gov:ec2:us-gov-west-1:050779347855:network-interface/eni-04dad6a8d52a17978",
            "attachment": [
              {
                "attachment_id": "eni-attach-051008168574b978b",
                "device_index": 1,
                "instance": ""
              }
            ],
            "description": "RDSNetworkInterface",
            "id": "eni-04dad6a8d52a17978",
            "interface_type": "interface",
            "ipv4_prefix_count": 0,
            "ipv4_prefixes": [],
            "ipv6_address_count": 0,
            "ipv6_address_list": [],
            "ipv6_address_list_enabled": null,
            "ipv6_addresses": [],
            "ipv6_prefix_count": 0,
            "ipv6_prefixes": [],
            "mac_address": "06:60:10:e8:de:c8",
            "outpost_arn": "",
            "owner_id": "050779347855",
            "private_dns_name": "ip-10-21-29-110.us-gov-west-1.compute.internal",
            "private_ip": "10.21.29.110",
            "private_ip_list": [
              "10.21.29.110"
            ],
            "private_ip_list_enabled": null,
            "private_ips": [
              "10.21.29.110"
            ],
            "private_ips_count": 0,
            "security_groups": [
              "sg-0b0eed2b18edcbfaa"
            ],
            "source_dest_check": true,
            "subnet_id": "subnet-04e27b7af0a76d7ee",
            "tags": {},
            "tags_all": {}
          },
          "sensitive_attributes": []
        }
      ]
    },
    {
      "mode": "managed",
      "type": "aws_network_interface",
      "name": "eni_05235bfcc36389814",
      "provider": "provider[\"registry.terraform.io/hashicorp/aws\"]",
      "instances": [
        {
          "schema_version": 0,
          "attributes": {
            "arn": "arn:aws-us-gov:ec2:us-gov-west-1:050779347855:network-interface/eni-05235bfcc36389814",
            "attachment": [
              {
                "attachment_id": "eni-attach-0c8ebe4ad6be69c58",
                "device_index": 1,
                "instance": ""
              }
            ],
            "description": "ELB app/awseb-AWSEB-ZRMNV8V7XEA5/1acfb34e22719e99",
            "id": "eni-05235bfcc36389814",
            "interface_type": "interface",
            "ipv4_prefix_count": 0,
            "ipv4_prefixes": [],
            "ipv6_address_count": 0,
            "ipv6_address_list": [],
            "ipv6_address_list_enabled": null,
            "ipv6_addresses": [],
            "ipv6_prefix_count": 0,
            "ipv6_prefixes": [],
            "mac_address": "02:4c:73:05:87:7a",
            "outpost_arn": "",
            "owner_id": "050779347855",
            "private_dns_name": "ip-10-21-146-184.us-gov-west-1.compute.internal",
            "private_ip": "10.21.146.184",
            "private_ip_list": [
              "10.21.146.184"
            ],
            "private_ip_list_enabled": null,
            "private_ips": [
              "10.21.146.184"
            ],
            "private_ips_count": 0,
            "security_groups": [
              "sg-05b689cdd90002026"
            ],
            "source_dest_check": true,
            "subnet_id": "subnet-07402e5b661b23bec",
            "tags": {},
            "tags_all": {}
          },
          "sensitive_attributes": []
        }
      ]
    },
    {
      "mode": "managed",
      "type": "aws_network_interface",
      "name": "eni_054c057d192e04180",
      "provider": "provider[\"registry.terraform.io/hashicorp/aws\"]",
      "instances": [
        {
          "schema_version": 0,
          "attributes": {
            "arn": "arn:aws-us-gov:ec2:us-gov-west-1:050779347855:network-interface/eni-054c057d192e04180",
            "attachment": [
              {
                "attachment_id": "eni-attach-01c0f07e868531e8a",
                "device_index": 1,
                "instance": ""
              }
            ],
            "description": "ELB app/awseb-AWSEB-1T7NB5B3Y3A7K/10a543629c206331",
            "id": "eni-054c057d192e04180",
            "interface_type": "interface",
            "ipv4_prefix_count": 0,
            "ipv4_prefixes": [],
            "ipv6_address_count": 0,
            "ipv6_address_list": [],
            "ipv6_address_list_enabled": null,
            "ipv6_addresses": [],
            "ipv6_prefix_count": 0,
            "ipv6_prefixes": [],
            "mac_address": "0a:55:85:27:38:c2",
            "outpost_arn": "",
            "owner_id": "050779347855",
            "private_dns_name": "ip-10-21-174-173.us-gov-west-1.compute.internal",
            "private_ip": "10.21.174.173",
            "private_ip_list": [
              "10.21.174.173"
            ],
            "private_ip_list_enabled": null,
            "private_ips": [
              "10.21.174.173"
            ],
            "private_ips_count": 0,
            "security_groups": [
              "sg-0848e0e98be81d011"
            ],
            "source_dest_check": true,
            "subnet_id": "subnet-076f8b852c6b60060",
            "tags": {},
            "tags_all": {}
          },
          "sensitive_attributes": []
        }
      ]
    },
    {
      "mode": "managed",
      "type": "aws_network_interface",
      "name": "eni_056e69005124e2a3a",
      "provider": "provider[\"registry.terraform.io/hashicorp/aws\"]",
      "instances": [
        {
          "schema_version": 0,
          "attributes": {
            "arn": "arn:aws-us-gov:ec2:us-gov-west-1:050779347855:network-interface/eni-056e69005124e2a3a",
            "attachment": [
              {
                "attachment_id": "eni-attach-0b8b29a59385106ac",
                "device_index": 0,
                "instance": "i-0ed9576eabf115173"
              }
            ],
            "description": "",
            "id": "eni-056e69005124e2a3a",
            "interface_type": "interface",
            "ipv4_prefix_count": 0,
            "ipv4_prefixes": [],
            "ipv6_address_count": 0,
            "ipv6_address_list": [],
            "ipv6_address_list_enabled": null,
            "ipv6_addresses": [],
            "ipv6_prefix_count": 0,
            "ipv6_prefixes": [],
            "mac_address": "02:ea:92:08:c4:d2",
            "outpost_arn": "",
            "owner_id": "050779347855",
            "private_dns_name": "ip-10-21-33-24.us-gov-west-1.compute.internal",
            "private_ip": "10.21.33.24",
            "private_ip_list": [
              "10.21.33.24"
            ],
            "private_ip_list_enabled": null,
            "private_ips": [
              "10.21.33.24"
            ],
            "private_ips_count": 0,
            "security_groups": [
              "sg-034a6ff43d0aa2770"
            ],
            "source_dest_check": true,
            "subnet_id": "subnet-05203dc92b0823553",
            "tags": {},
            "tags_all": {}
          },
          "sensitive_attributes": []
        }
      ]
    },
    {
      "mode": "managed",
      "type": "aws_network_interface",
      "name": "eni_05fb3904d6f17418d",
      "provider": "provider[\"registry.terraform.io/hashicorp/aws\"]",
      "instances": [
        {
          "schema_version": 0,
          "attributes": {
            "arn": "arn:aws-us-gov:ec2:us-gov-west-1:050779347855:network-interface/eni-05fb3904d6f17418d",
            "attachment": [
              {
                "attachment_id": "eni-attach-05ef70225d5a3bbe4",
                "device_index": 1,
                "instance": ""
              }
            ],
            "description": "ELB app/awseb-AWSEB-8H0U1SE19616/b167e44c5a2ca844",
            "id": "eni-05fb3904d6f17418d",
            "interface_type": "interface",
            "ipv4_prefix_count": 0,
            "ipv4_prefixes": [],
            "ipv6_address_count": 0,
            "ipv6_address_list": [],
            "ipv6_address_list_enabled": null,
            "ipv6_addresses": [],
            "ipv6_prefix_count": 0,
            "ipv6_prefixes": [],
            "mac_address": "0a:a0:01:fd:7e:e4",
            "outpost_arn": "",
            "owner_id": "050779347855",
            "private_dns_name": "ip-10-21-167-255.us-gov-west-1.compute.internal",
            "private_ip": "10.21.167.255",
            "private_ip_list": [
              "10.21.167.255"
            ],
            "private_ip_list_enabled": null,
            "private_ips": [
              "10.21.167.255"
            ],
            "private_ips_count": 0,
            "security_groups": [
              "sg-07f009cc182a06a04"
            ],
            "source_dest_check": true,
            "subnet_id": "subnet-076f8b852c6b60060",
            "tags": {},
            "tags_all": {}
          },
          "sensitive_attributes": []
        }
      ]
    },
    {
      "mode": "managed",
      "type": "aws_network_interface",
      "name": "eni_05fe8827ce68f5671",
      "provider": "provider[\"registry.terraform.io/hashicorp/aws\"]",
      "instances": [
        {
          "schema_version": 0,
          "attributes": {
            "arn": "arn:aws-us-gov:ec2:us-gov-west-1:050779347855:network-interface/eni-05fe8827ce68f5671",
            "attachment": [
              {
                "attachment_id": "eni-attach-0f9e1c6bea81cabaf",
                "device_index": 1,
                "instance": ""
              }
            ],
            "description": "ELB app/awseb-AWSEB-19VCM7V6OTYWF/116e9152168e13d3",
            "id": "eni-05fe8827ce68f5671",
            "interface_type": "interface",
            "ipv4_prefix_count": 0,
            "ipv4_prefixes": [],
            "ipv6_address_count": 0,
            "ipv6_address_list": [],
            "ipv6_address_list_enabled": null,
            "ipv6_addresses": [],
            "ipv6_prefix_count": 0,
            "ipv6_prefixes": [],
            "mac_address": "02:63:20:99:fa:46",
            "outpost_arn": "",
            "owner_id": "050779347855",
            "private_dns_name": "ip-10-21-156-195.us-gov-west-1.compute.internal",
            "private_ip": "10.21.156.195",
            "private_ip_list": [
              "10.21.156.195"
            ],
            "private_ip_list_enabled": null,
            "private_ips": [
              "10.21.156.195"
            ],
            "private_ips_count": 0,
            "security_groups": [
              "sg-01c091d8d9e740817"
            ],
            "source_dest_check": true,
            "subnet_id": "subnet-07402e5b661b23bec",
            "tags": {},
            "tags_all": {}
          },
          "sensitive_attributes": []
        }
      ]
    },
    {
      "mode": "managed",
      "type": "aws_network_interface",
      "name": "eni_060eaa337e306eb93",
      "provider": "provider[\"registry.terraform.io/hashicorp/aws\"]",
      "instances": [
        {
          "schema_version": 0,
          "attributes": {
            "arn": "arn:aws-us-gov:ec2:us-gov-west-1:050779347855:network-interface/eni-060eaa337e306eb93",
            "attachment": [
              {
                "attachment_id": "eni-attach-047b0cf756b38fb2c",
                "device_index": 1,
                "instance": ""
              }
            ],
            "description": "ElastiCache core-redis3-001",
            "id": "eni-060eaa337e306eb93",
            "interface_type": "interface",
            "ipv4_prefix_count": 0,
            "ipv4_prefixes": [],
            "ipv6_address_count": 0,
            "ipv6_address_list": [],
            "ipv6_address_list_enabled": null,
            "ipv6_addresses": [],
            "ipv6_prefix_count": 0,
            "ipv6_prefixes": [],
            "mac_address": "02:16:2a:b1:89:f2",
            "outpost_arn": "",
            "owner_id": "050779347855",
            "private_dns_name": "ip-10-21-41-149.us-gov-west-1.compute.internal",
            "private_ip": "10.21.41.149",
            "private_ip_list": [
              "10.21.41.149"
            ],
            "private_ip_list_enabled": null,
            "private_ips": [
              "10.21.41.149"
            ],
            "private_ips_count": 0,
            "security_groups": [
              "sg-0d25cb1fc58d097e9"
            ],
            "source_dest_check": true,
            "subnet_id": "subnet-05203dc92b0823553",
            "tags": {},
            "tags_all": {}
          },
          "sensitive_attributes": []
        }
      ]
    },
    {
      "mode": "managed",
      "type": "aws_network_interface",
      "name": "eni_06dcbe9004aad0faf",
      "provider": "provider[\"registry.terraform.io/hashicorp/aws\"]",
      "instances": [
        {
          "schema_version": 0,
          "attributes": {
            "arn": "arn:aws-us-gov:ec2:us-gov-west-1:050779347855:network-interface/eni-06dcbe9004aad0faf",
            "attachment": [],
            "description": "ES shared-02",
            "id": "eni-06dcbe9004aad0faf",
            "interface_type": "interface",
            "ipv4_prefix_count": 0,
            "ipv4_prefixes": [],
            "ipv6_address_count": 0,
            "ipv6_address_list": [],
            "ipv6_address_list_enabled": null,
            "ipv6_addresses": [],
            "ipv6_prefix_count": 0,
            "ipv6_prefixes": [],
            "mac_address": "06:0d:a3:e8:67:56",
            "outpost_arn": "",
            "owner_id": "050779347855",
            "private_dns_name": "ip-10-21-12-246.us-gov-west-1.compute.internal",
            "private_ip": "10.21.12.246",
            "private_ip_list": [
              "10.21.12.246"
            ],
            "private_ip_list_enabled": null,
            "private_ips": [
              "10.21.12.246"
            ],
            "private_ips_count": 0,
            "security_groups": [
              "sg-09655a5d35c96b651"
            ],
            "source_dest_check": true,
            "subnet_id": "subnet-04e27b7af0a76d7ee",
            "tags": {},
            "tags_all": {}
          },
          "sensitive_attributes": []
        }
      ]
    },
    {
      "mode": "managed",
      "type": "aws_network_interface",
      "name": "eni_06fac7d3b987d35a6",
      "provider": "provider[\"registry.terraform.io/hashicorp/aws\"]",
      "instances": [
        {
          "schema_version": 0,
          "attributes": {
            "arn": "arn:aws-us-gov:ec2:us-gov-west-1:050779347855:network-interface/eni-06fac7d3b987d35a6",
            "attachment": [
              {
                "attachment_id": "eni-attach-08fb1abcb20a8d677",
                "device_index": 1,
                "instance": ""
              }
            ],
            "description": "ElastiCache general-redis-02-002",
            "id": "eni-06fac7d3b987d35a6",
            "interface_type": "interface",
            "ipv4_prefix_count": 0,
            "ipv4_prefixes": [],
            "ipv6_address_count": 0,
            "ipv6_address_list": [],
            "ipv6_address_list_enabled": null,
            "ipv6_addresses": [],
            "ipv6_prefix_count": 0,
            "ipv6_prefixes": [],
            "mac_address": "06:e6:04:0f:dc:5e",
            "outpost_arn": "",
            "owner_id": "050779347855",
            "private_dns_name": "ip-10-21-31-131.us-gov-west-1.compute.internal",
            "private_ip": "10.21.31.131",
            "private_ip_list": [
              "10.21.31.131"
            ],
            "private_ip_list_enabled": null,
            "private_ips": [
              "10.21.31.131"
            ],
            "private_ips_count": 0,
            "security_groups": [
              "sg-0d25cb1fc58d097e9"
            ],
            "source_dest_check": true,
            "subnet_id": "subnet-04e27b7af0a76d7ee",
            "tags": {},
            "tags_all": {}
          },
          "sensitive_attributes": []
        }
      ]
    },
    {
      "mode": "managed",
      "type": "aws_network_interface",
      "name": "eni_074cc9d284998b1ef",
      "provider": "provider[\"registry.terraform.io/hashicorp/aws\"]",
      "instances": [
        {
          "schema_version": 0,
          "attributes": {
            "arn": "arn:aws-us-gov:ec2:us-gov-west-1:050779347855:network-interface/eni-074cc9d284998b1ef",
            "attachment": [
              {
                "attachment_id": "eni-attach-0b19b4b8b14f3fc6c",
                "device_index": 0,
                "instance": "i-07bcdbd56b575f73d"
              }
            ],
            "description": "",
            "id": "eni-074cc9d284998b1ef",
            "interface_type": "interface",
            "ipv4_prefix_count": 0,
            "ipv4_prefixes": [],
            "ipv6_address_count": 0,
            "ipv6_address_list": [],
            "ipv6_address_list_enabled": null,
            "ipv6_addresses": [],
            "ipv6_prefix_count": 0,
            "ipv6_prefixes": [],
            "mac_address": "06:3c:f6:33:3e:ac",
            "outpost_arn": "",
            "owner_id": "050779347855",
            "private_dns_name": "ip-10-21-26-171.us-gov-west-1.compute.internal",
            "private_ip": "10.21.26.171",
            "private_ip_list": [
              "10.21.26.171"
            ],
            "private_ip_list_enabled": null,
            "private_ips": [
              "10.21.26.171"
            ],
            "private_ips_count": 0,
            "security_groups": [
              "sg-096a6ba8268eef3f6"
            ],
            "source_dest_check": true,
            "subnet_id": "subnet-04e27b7af0a76d7ee",
            "tags": {},
            "tags_all": {}
          },
          "sensitive_attributes": []
        }
      ]
    },
    {
      "mode": "managed",
      "type": "aws_network_interface",
      "name": "eni_076545a7bc3c2b8ec",
      "provider": "provider[\"registry.terraform.io/hashicorp/aws\"]",
      "instances": [
        {
          "schema_version": 0,
          "attributes": {
            "arn": "arn:aws-us-gov:ec2:us-gov-west-1:050779347855:network-interface/eni-076545a7bc3c2b8ec",
            "attachment": [
              {
                "attachment_id": "eni-attach-0e6b2318caaff6c14",
                "device_index": 0,
                "instance": "i-0af6641d34c6eeb19"
              }
            ],
            "description": "",
            "id": "eni-076545a7bc3c2b8ec",
            "interface_type": "interface",
            "ipv4_prefix_count": 0,
            "ipv4_prefixes": [],
            "ipv6_address_count": 0,
            "ipv6_address_list": [],
            "ipv6_address_list_enabled": null,
            "ipv6_addresses": [],
            "ipv6_prefix_count": 0,
            "ipv6_prefixes": [],
            "mac_address": "02:11:ff:68:12:10",
            "outpost_arn": "",
            "owner_id": "050779347855",
            "private_dns_name": "ip-10-21-39-162.us-gov-west-1.compute.internal",
            "private_ip": "10.21.39.162",
            "private_ip_list": [
              "10.21.39.162"
            ],
            "private_ip_list_enabled": null,
            "private_ips": [
              "10.21.39.162"
            ],
            "private_ips_count": 0,
            "security_groups": [
              "sg-096a6ba8268eef3f6"
            ],
            "source_dest_check": true,
            "subnet_id": "subnet-05203dc92b0823553",
            "tags": {},
            "tags_all": {}
          },
          "sensitive_attributes": []
        }
      ]
    },
    {
      "mode": "managed",
      "type": "aws_network_interface",
      "name": "eni_0768e9d51e965bcbe",
      "provider": "provider[\"registry.terraform.io/hashicorp/aws\"]",
      "instances": [
        {
          "schema_version": 0,
          "attributes": {
            "arn": "arn:aws-us-gov:ec2:us-gov-west-1:050779347855:network-interface/eni-0768e9d51e965bcbe",
            "attachment": [
              {
                "attachment_id": "eni-attach-0a04152740e6658cd",
                "device_index": 1,
                "instance": ""
              }
            ],
            "description": "ES shared-01",
            "id": "eni-0768e9d51e965bcbe",
            "interface_type": "interface",
            "ipv4_prefix_count": 0,
            "ipv4_prefixes": [],
            "ipv6_address_count": 0,
            "ipv6_address_list": [],
            "ipv6_address_list_enabled": null,
            "ipv6_addresses": [],
            "ipv6_prefix_count": 0,
            "ipv6_prefixes": [],
            "mac_address": "02:ed:1a:0a:1c:0e",
            "outpost_arn": "",
            "owner_id": "050779347855",
            "private_dns_name": "ip-10-21-33-181.us-gov-west-1.compute.internal",
            "private_ip": "10.21.33.181",
            "private_ip_list": [
              "10.21.33.181"
            ],
            "private_ip_list_enabled": null,
            "private_ips": [
              "10.21.33.181"
            ],
            "private_ips_count": 0,
            "security_groups": [
              "sg-081ba48ae3370758b"
            ],
            "source_dest_check": true,
            "subnet_id": "subnet-05203dc92b0823553",
            "tags": {},
            "tags_all": {}
          },
          "sensitive_attributes": []
        }
      ]
    },
    {
      "mode": "managed",
      "type": "aws_network_interface",
      "name": "eni_07c7b263194faa123",
      "provider": "provider[\"registry.terraform.io/hashicorp/aws\"]",
      "instances": [
        {
          "schema_version": 0,
          "attributes": {
            "arn": "arn:aws-us-gov:ec2:us-gov-west-1:050779347855:network-interface/eni-07c7b263194faa123",
            "attachment": [
              {
                "attachment_id": "eni-attach-0cccdf6e5a2d87c16",
                "device_index": 1,
                "instance": ""
              }
            ],
            "description": "ELB app/awseb-AWSEB-DJD83A7DQHVI/b5d8f12b4fe75607",
            "id": "eni-07c7b263194faa123",
            "interface_type": "interface",
            "ipv4_prefix_count": 0,
            "ipv4_prefixes": [],
            "ipv6_address_count": 0,
            "ipv6_address_list": [],
            "ipv6_address_list_enabled": null,
            "ipv6_addresses": [],
            "ipv6_prefix_count": 0,
            "ipv6_prefixes": [],
            "mac_address": "02:49:41:1f:d8:e0",
            "outpost_arn": "",
            "owner_id": "050779347855",
            "private_dns_name": "ip-10-21-147-191.us-gov-west-1.compute.internal",
            "private_ip": "10.21.147.191",
            "private_ip_list": [
              "10.21.147.191"
            ],
            "private_ip_list_enabled": null,
            "private_ips": [
              "10.21.147.191"
            ],
            "private_ips_count": 0,
            "security_groups": [
              "sg-02b8e9f6f4fa195b6"
            ],
            "source_dest_check": true,
            "subnet_id": "subnet-07402e5b661b23bec",
            "tags": {},
            "tags_all": {}
          },
          "sensitive_attributes": []
        }
      ]
    },
    {
      "mode": "managed",
      "type": "aws_network_interface",
      "name": "eni_07f1b51443cee2d4c",
      "provider": "provider[\"registry.terraform.io/hashicorp/aws\"]",
      "instances": [
        {
          "schema_version": 0,
          "attributes": {
            "arn": "arn:aws-us-gov:ec2:us-gov-west-1:050779347855:network-interface/eni-07f1b51443cee2d4c",
            "attachment": [
              {
                "attachment_id": "eni-attach-0c6516091b9988440",
                "device_index": 0,
                "instance": "i-01c9e4f8de66c969d"
              }
            ],
            "description": "",
            "id": "eni-07f1b51443cee2d4c",
            "interface_type": "interface",
            "ipv4_prefix_count": 0,
            "ipv4_prefixes": [],
            "ipv6_address_count": 0,
            "ipv6_address_list": [],
            "ipv6_address_list_enabled": null,
            "ipv6_addresses": [],
            "ipv6_prefix_count": 0,
            "ipv6_prefixes": [],
            "mac_address": "06:d0:3d:91:e4:50",
            "outpost_arn": "",
            "owner_id": "050779347855",
            "private_dns_name": "ip-10-21-7-52.us-gov-west-1.compute.internal",
            "private_ip": "10.21.7.52",
            "private_ip_list": [
              "10.21.7.52"
            ],
            "private_ip_list_enabled": null,
            "private_ips": [
              "10.21.7.52"
            ],
            "private_ips_count": 0,
            "security_groups": [
              "sg-0296b2368533e84a8"
            ],
            "source_dest_check": true,
            "subnet_id": "subnet-04e27b7af0a76d7ee",
            "tags": {},
            "tags_all": {}
          },
          "sensitive_attributes": []
        }
      ]
    },
    {
      "mode": "managed",
      "type": "aws_network_interface",
      "name": "eni_07f991884832c6796",
      "provider": "provider[\"registry.terraform.io/hashicorp/aws\"]",
      "instances": [
        {
          "schema_version": 0,
          "attributes": {
            "arn": "arn:aws-us-gov:ec2:us-gov-west-1:050779347855:network-interface/eni-07f991884832c6796",
            "attachment": [
              {
                "attachment_id": "eni-attach-0fddbb3648b14c2a0",
                "device_index": 0,
                "instance": "i-06875baad0bc7be5e"
              }
            ],
            "description": "Primary network interface",
            "id": "eni-07f991884832c6796",
            "interface_type": "interface",
            "ipv4_prefix_count": 0,
            "ipv4_prefixes": [],
            "ipv6_address_count": 0,
            "ipv6_address_list": [],
            "ipv6_address_list_enabled": null,
            "ipv6_addresses": [],
            "ipv6_prefix_count": 0,
            "ipv6_prefixes": [],
            "mac_address": "06:2f:9a:9d:5a:16",
            "outpost_arn": "",
            "owner_id": "050779347855",
            "private_dns_name": "ip-10-21-130-110.us-gov-west-1.compute.internal",
            "private_ip": "10.21.130.110",
            "private_ip_list": [
              "10.21.130.110"
            ],
            "private_ip_list_enabled": null,
            "private_ips": [
              "10.21.130.110"
            ],
            "private_ips_count": 0,
            "security_groups": [
              "sg-085eb8e3a0fba2f92"
            ],
            "source_dest_check": true,
            "subnet_id": "subnet-0680aa96bc65f072d",
            "tags": {
              "Name": "core-rds-proxy"
            },
            "tags_all": {
              "Name": "core-rds-proxy"
            }
          },
          "sensitive_attributes": []
        }
      ]
    },
    {
      "mode": "managed",
      "type": "aws_network_interface",
      "name": "eni_080ef872f8af74df5",
      "provider": "provider[\"registry.terraform.io/hashicorp/aws\"]",
      "instances": [
        {
          "schema_version": 0,
          "attributes": {
            "arn": "arn:aws-us-gov:ec2:us-gov-west-1:050779347855:network-interface/eni-080ef872f8af74df5",
            "attachment": [
              {
                "attachment_id": "eni-attach-00e40ef43a6151026",
                "device_index": 1,
                "instance": ""
              }
            ],
            "description": "ELB app/service-infrastructure-internal/fd55d6a9485ddbea",
            "id": "eni-080ef872f8af74df5",
            "interface_type": "interface",
            "ipv4_prefix_count": 0,
            "ipv4_prefixes": [],
            "ipv6_address_count": 0,
            "ipv6_address_list": [],
            "ipv6_address_list_enabled": null,
            "ipv6_addresses": [],
            "ipv6_prefix_count": 0,
            "ipv6_prefixes": [],
            "mac_address": "06:cf:b5:dc:8d:b0",
            "outpost_arn": "",
            "owner_id": "050779347855",
            "private_dns_name": "ip-10-21-0-47.us-gov-west-1.compute.internal",
            "private_ip": "10.21.0.47",
            "private_ip_list": [
              "10.21.0.47"
            ],
            "private_ip_list_enabled": null,
            "private_ips": [
              "10.21.0.47"
            ],
            "private_ips_count": 0,
            "security_groups": [
              "sg-03769d92c81a37e14"
            ],
            "source_dest_check": true,
            "subnet_id": "subnet-04e27b7af0a76d7ee",
            "tags": {},
            "tags_all": {}
          },
          "sensitive_attributes": []
        }
      ]
    },
    {
      "mode": "managed",
      "type": "aws_network_interface",
      "name": "eni_08102f9664fc2257a",
      "provider": "provider[\"registry.terraform.io/hashicorp/aws\"]",
      "instances": [
        {
          "schema_version": 0,
          "attributes": {
            "arn": "arn:aws-us-gov:ec2:us-gov-west-1:050779347855:network-interface/eni-08102f9664fc2257a",
            "attachment": [
              {
                "attachment_id": "eni-attach-084a0303fc492c623",
                "device_index": 1,
                "instance": ""
              }
            ],
            "description": "DMSNetworkInterface",
            "id": "eni-08102f9664fc2257a",
            "interface_type": "interface",
            "ipv4_prefix_count": 0,
            "ipv4_prefixes": [],
            "ipv6_address_count": 0,
            "ipv6_address_list": [],
            "ipv6_address_list_enabled": null,
            "ipv6_addresses": [],
            "ipv6_prefix_count": 0,
            "ipv6_prefixes": [],
            "mac_address": "06:69:41:00:8e:2a",
            "outpost_arn": "",
            "owner_id": "050779347855",
            "private_dns_name": "ip-10-21-11-23.us-gov-west-1.compute.internal",
            "private_ip": "10.21.11.23",
            "private_ip_list": [
              "10.21.11.23"
            ],
            "private_ip_list_enabled": null,
            "private_ips": [
              "10.21.11.23"
            ],
            "private_ips_count": 0,
            "security_groups": [
              "sg-0b0eed2b18edcbfaa"
            ],
            "source_dest_check": true,
            "subnet_id": "subnet-04e27b7af0a76d7ee",
            "tags": {},
            "tags_all": {}
          },
          "sensitive_attributes": []
        }
      ]
    },
    {
      "mode": "managed",
      "type": "aws_network_interface",
      "name": "eni_081b57d6dd2d34e72",
      "provider": "provider[\"registry.terraform.io/hashicorp/aws\"]",
      "instances": [
        {
          "schema_version": 0,
          "attributes": {
            "arn": "arn:aws-us-gov:ec2:us-gov-west-1:050779347855:network-interface/eni-081b57d6dd2d34e72",
            "attachment": [
              {
                "attachment_id": "eni-attach-0ac8d2d5bedcb5f12",
                "device_index": 0,
                "instance": "i-0dc94083aa5bcb1f3"
              }
            ],
            "description": "Primary network interface",
            "id": "eni-081b57d6dd2d34e72",
            "interface_type": "interface",
            "ipv4_prefix_count": 0,
            "ipv4_prefixes": [],
            "ipv6_address_count": 0,
            "ipv6_address_list": [],
            "ipv6_address_list_enabled": null,
            "ipv6_addresses": [],
            "ipv6_prefix_count": 0,
            "ipv6_prefixes": [],
            "mac_address": "02:96:ac:18:16:0e",
            "outpost_arn": "",
            "owner_id": "050779347855",
            "private_dns_name": "ip-10-21-153-175.us-gov-west-1.compute.internal",
            "private_ip": "10.21.153.175",
            "private_ip_list": [
              "10.21.153.175"
            ],
            "private_ip_list_enabled": null,
            "private_ips": [
              "10.21.153.175"
            ],
            "private_ips_count": 0,
            "security_groups": [
              "sg-0b0eed2b18edcbfaa"
            ],
            "source_dest_check": true,
            "subnet_id": "subnet-07402e5b661b23bec",
            "tags": {},
            "tags_all": {}
          },
          "sensitive_attributes": []
        }
      ]
    },
    {
      "mode": "managed",
      "type": "aws_network_interface",
      "name": "eni_0834bbe84a86959ee",
      "provider": "provider[\"registry.terraform.io/hashicorp/aws\"]",
      "instances": [
        {
          "schema_version": 0,
          "attributes": {
            "arn": "arn:aws-us-gov:ec2:us-gov-west-1:050779347855:network-interface/eni-0834bbe84a86959ee",
            "attachment": [
              {
                "attachment_id": "eni-attach-00b7b182bd11eca4e",
                "device_index": 1,
                "instance": ""
              }
            ],
            "description": "ELB app/awseb-AWSEB-61URVRH00UCZ/e8a05fbdccebe16e",
            "id": "eni-0834bbe84a86959ee",
            "interface_type": "interface",
            "ipv4_prefix_count": 0,
            "ipv4_prefixes": [],
            "ipv6_address_count": 0,
            "ipv6_address_list": [],
            "ipv6_address_list_enabled": null,
            "ipv6_addresses": [],
            "ipv6_prefix_count": 0,
            "ipv6_prefixes": [],
            "mac_address": "02:6e:e4:02:e9:c8",
            "outpost_arn": "",
            "owner_id": "050779347855",
            "private_dns_name": "ip-10-21-154-181.us-gov-west-1.compute.internal",
            "private_ip": "10.21.154.181",
            "private_ip_list": [
              "10.21.154.181"
            ],
            "private_ip_list_enabled": null,
            "private_ips": [
              "10.21.154.181"
            ],
            "private_ips_count": 0,
            "security_groups": [
              "sg-0e07dcad269bc9148"
            ],
            "source_dest_check": true,
            "subnet_id": "subnet-07402e5b661b23bec",
            "tags": {},
            "tags_all": {}
          },
          "sensitive_attributes": []
        }
      ]
    },
    {
      "mode": "managed",
      "type": "aws_network_interface",
      "name": "eni_087ee000faea59d21",
      "provider": "provider[\"registry.terraform.io/hashicorp/aws\"]",
      "instances": [
        {
          "schema_version": 0,
          "attributes": {
            "arn": "arn:aws-us-gov:ec2:us-gov-west-1:050779347855:network-interface/eni-087ee000faea59d21",
            "attachment": [
              {
                "attachment_id": "eni-attach-0a2e3c39292281fc9",
                "device_index": 1,
                "instance": ""
              }
            ],
            "description": "ELB app/awseb-AWSEB-XZ6JUMA8IEE/24c9cf558cf46ee7",
            "id": "eni-087ee000faea59d21",
            "interface_type": "interface",
            "ipv4_prefix_count": 0,
            "ipv4_prefixes": [],
            "ipv6_address_count": 0,
            "ipv6_address_list": [],
            "ipv6_address_list_enabled": null,
            "ipv6_addresses": [],
            "ipv6_prefix_count": 0,
            "ipv6_prefixes": [],
            "mac_address": "06:c7:32:e9:15:3a",
            "outpost_arn": "",
            "owner_id": "050779347855",
            "private_dns_name": "ip-10-21-129-239.us-gov-west-1.compute.internal",
            "private_ip": "10.21.129.239",
            "private_ip_list": [
              "10.21.129.239"
            ],
            "private_ip_list_enabled": null,
            "private_ips": [
              "10.21.129.239"
            ],
            "private_ips_count": 0,
            "security_groups": [
              "sg-0e3e058433a4793a7"
            ],
            "source_dest_check": true,
            "subnet_id": "subnet-0680aa96bc65f072d",
            "tags": {},
            "tags_all": {}
          },
          "sensitive_attributes": []
        }
      ]
    },
    {
      "mode": "managed",
      "type": "aws_network_interface",
      "name": "eni_087f1f659a60cfed6",
      "provider": "provider[\"registry.terraform.io/hashicorp/aws\"]",
      "instances": [
        {
          "schema_version": 0,
          "attributes": {
            "arn": "arn:aws-us-gov:ec2:us-gov-west-1:050779347855:network-interface/eni-087f1f659a60cfed6",
            "attachment": [
              {
                "attachment_id": "eni-attach-0822af4e8c045d70a",
                "device_index": 1,
                "instance": ""
              }
            ],
            "description": "RDSNetworkInterface",
            "id": "eni-087f1f659a60cfed6",
            "interface_type": "interface",
            "ipv4_prefix_count": 0,
            "ipv4_prefixes": [],
            "ipv6_address_count": 0,
            "ipv6_address_list": [],
            "ipv6_address_list_enabled": null,
            "ipv6_addresses": [],
            "ipv6_prefix_count": 0,
            "ipv6_prefixes": [],
            "mac_address": "0a:c3:d7:57:dd:74",
            "outpost_arn": "",
            "owner_id": "050779347855",
            "private_dns_name": "ip-10-21-77-161.us-gov-west-1.compute.internal",
            "private_ip": "10.21.77.161",
            "private_ip_list": [
              "10.21.77.161"
            ],
            "private_ip_list_enabled": null,
            "private_ips": [
              "10.21.77.161"
            ],
            "private_ips_count": 0,
            "security_groups": [
              "sg-0b0eed2b18edcbfaa"
            ],
            "source_dest_check": true,
            "subnet_id": "subnet-096303542f2113a20",
            "tags": {},
            "tags_all": {}
          },
          "sensitive_attributes": []
        }
      ]
    },
    {
      "mode": "managed",
      "type": "aws_network_interface",
      "name": "eni_09173259b872b37e3",
      "provider": "provider[\"registry.terraform.io/hashicorp/aws\"]",
      "instances": [
        {
          "schema_version": 0,
          "attributes": {
            "arn": "arn:aws-us-gov:ec2:us-gov-west-1:050779347855:network-interface/eni-09173259b872b37e3",
            "attachment": [
              {
                "attachment_id": "ela-attach-09ae98629bd492633",
                "device_index": 1,
                "instance": ""
              }
            ],
            "description": "AWS Lambda VPC ENI-learning-image-publisher-2a580b10-690a-4505-b00a-597542e34e2d",
            "id": "eni-09173259b872b37e3",
            "interface_type": "lambda",
            "ipv4_prefix_count": 0,
            "ipv4_prefixes": [],
            "ipv6_address_count": 0,
            "ipv6_address_list": [],
            "ipv6_address_list_enabled": null,
            "ipv6_addresses": [],
            "ipv6_prefix_count": 0,
            "ipv6_prefixes": [],
            "mac_address": "02:d8:ba:c8:c1:a2",
            "outpost_arn": "",
            "owner_id": "050779347855",
            "private_dns_name": "ip-10-21-36-25.us-gov-west-1.compute.internal",
            "private_ip": "10.21.36.25",
            "private_ip_list": [
              "10.21.36.25"
            ],
            "private_ip_list_enabled": null,
            "private_ips": [
              "10.21.36.25"
            ],
            "private_ips_count": 0,
            "security_groups": [
              "sg-09ec086d4a18f2267"
            ],
            "source_dest_check": true,
            "subnet_id": "subnet-05203dc92b0823553",
            "tags": {},
            "tags_all": {}
          },
          "sensitive_attributes": []
        }
      ]
    },
    {
      "mode": "managed",
      "type": "aws_network_interface",
      "name": "eni_093acbf8d06793251",
      "provider": "provider[\"registry.terraform.io/hashicorp/aws\"]",
      "instances": [
        {
          "schema_version": 0,
          "attributes": {
            "arn": "arn:aws-us-gov:ec2:us-gov-west-1:050779347855:network-interface/eni-093acbf8d06793251",
            "attachment": [
              {
                "attachment_id": "eni-attach-04225c4d9bd1ad668",
                "device_index": 1,
                "instance": ""
              }
            ],
            "description": "ELB app/awseb-AWSEB-DJD83A7DQHVI/b5d8f12b4fe75607",
            "id": "eni-093acbf8d06793251",
            "interface_type": "interface",
            "ipv4_prefix_count": 0,
            "ipv4_prefixes": [],
            "ipv6_address_count": 0,
            "ipv6_address_list": [],
            "ipv6_address_list_enabled": null,
            "ipv6_addresses": [],
            "ipv6_prefix_count": 0,
            "ipv6_prefixes": [],
            "mac_address": "06:b6:de:03:b1:f2",
            "outpost_arn": "",
            "owner_id": "050779347855",
            "private_dns_name": "ip-10-21-139-79.us-gov-west-1.compute.internal",
            "private_ip": "10.21.139.79",
            "private_ip_list": [
              "10.21.139.79"
            ],
            "private_ip_list_enabled": null,
            "private_ips": [
              "10.21.139.79"
            ],
            "private_ips_count": 0,
            "security_groups": [
              "sg-02b8e9f6f4fa195b6"
            ],
            "source_dest_check": true,
            "subnet_id": "subnet-0680aa96bc65f072d",
            "tags": {},
            "tags_all": {}
          },
          "sensitive_attributes": []
        }
      ]
    },
    {
      "mode": "managed",
      "type": "aws_network_interface",
      "name": "eni_09485f02fe16a3fed",
      "provider": "provider[\"registry.terraform.io/hashicorp/aws\"]",
      "instances": [
        {
          "schema_version": 0,
          "attributes": {
            "arn": "arn:aws-us-gov:ec2:us-gov-west-1:050779347855:network-interface/eni-09485f02fe16a3fed",
            "attachment": [
              {
                "attachment_id": "eni-attach-0df423bbcb76143b0",
                "device_index": 1,
                "instance": ""
              }
            ],
            "description": "ELB app/awseb-AWSEB-1W0ZV84FILDNY/0522b81018f9ce52",
            "id": "eni-09485f02fe16a3fed",
            "interface_type": "interface",
            "ipv4_prefix_count": 0,
            "ipv4_prefixes": [],
            "ipv6_address_count": 0,
            "ipv6_address_list": [],
            "ipv6_address_list_enabled": null,
            "ipv6_addresses": [],
            "ipv6_prefix_count": 0,
            "ipv6_prefixes": [],
            "mac_address": "02:2a:d8:e7:93:a4",
            "outpost_arn": "",
            "owner_id": "050779347855",
            "private_dns_name": "ip-10-21-146-177.us-gov-west-1.compute.internal",
            "private_ip": "10.21.146.177",
            "private_ip_list": [
              "10.21.146.177"
            ],
            "private_ip_list_enabled": null,
            "private_ips": [
              "10.21.146.177"
            ],
            "private_ips_count": 0,
            "security_groups": [
              "sg-057a681c0afce6d70"
            ],
            "source_dest_check": true,
            "subnet_id": "subnet-07402e5b661b23bec",
            "tags": {},
            "tags_all": {}
          },
          "sensitive_attributes": []
        }
      ]
    },
    {
      "mode": "managed",
      "type": "aws_network_interface",
      "name": "eni_09685d9f264b9b1d1",
      "provider": "provider[\"registry.terraform.io/hashicorp/aws\"]",
      "instances": [
        {
          "schema_version": 0,
          "attributes": {
            "arn": "arn:aws-us-gov:ec2:us-gov-west-1:050779347855:network-interface/eni-09685d9f264b9b1d1",
            "attachment": [
              {
                "attachment_id": "ela-attach-08f9af49ad4959620",
                "device_index": 1,
                "instance": ""
              }
            ],
            "description": "Interface for NAT Gateway nat-0a9c5c1c49f952d26",
            "id": "eni-09685d9f264b9b1d1",
            "interface_type": "nat_gateway",
            "ipv4_prefix_count": 0,
            "ipv4_prefixes": [],
            "ipv6_address_count": 0,
            "ipv6_address_list": [],
            "ipv6_address_list_enabled": null,
            "ipv6_addresses": [],
            "ipv6_prefix_count": 0,
            "ipv6_prefixes": [],
            "mac_address": "06:99:4d:6b:49:44",
            "outpost_arn": "",
            "owner_id": "050779347855",
            "private_dns_name": "ip-10-21-130-178.us-gov-west-1.compute.internal",
            "private_ip": "10.21.130.178",
            "private_ip_list": [
              "10.21.130.178"
            ],
            "private_ip_list_enabled": null,
            "private_ips": [
              "10.21.130.178"
            ],
            "private_ips_count": 0,
            "security_groups": [],
            "source_dest_check": false,
            "subnet_id": "subnet-0680aa96bc65f072d",
            "tags": {},
            "tags_all": {}
          },
          "sensitive_attributes": []
        }
      ]
    },
    {
      "mode": "managed",
      "type": "aws_network_interface",
      "name": "eni_096dd125cf911b1a5",
      "provider": "provider[\"registry.terraform.io/hashicorp/aws\"]",
      "instances": [
        {
          "schema_version": 0,
          "attributes": {
            "arn": "arn:aws-us-gov:ec2:us-gov-west-1:050779347855:network-interface/eni-096dd125cf911b1a5",
            "attachment": [],
            "description": "ES shared-02",
            "id": "eni-096dd125cf911b1a5",
            "interface_type": "interface",
            "ipv4_prefix_count": 0,
            "ipv4_prefixes": [],
            "ipv6_address_count": 0,
            "ipv6_address_list": [],
            "ipv6_address_list_enabled": null,
            "ipv6_addresses": [],
            "ipv6_prefix_count": 0,
            "ipv6_prefixes": [],
            "mac_address": "02:14:ee:02:73:d4",
            "outpost_arn": "",
            "owner_id": "050779347855",
            "private_dns_name": "ip-10-21-41-199.us-gov-west-1.compute.internal",
            "private_ip": "10.21.41.199",
            "private_ip_list": [
              "10.21.41.199"
            ],
            "private_ip_list_enabled": null,
            "private_ips": [
              "10.21.41.199"
            ],
            "private_ips_count": 0,
            "security_groups": [
              "sg-09655a5d35c96b651"
            ],
            "source_dest_check": true,
            "subnet_id": "subnet-05203dc92b0823553",
            "tags": {},
            "tags_all": {}
          },
          "sensitive_attributes": []
        }
      ]
    },
    {
      "mode": "managed",
      "type": "aws_network_interface",
      "name": "eni_09867869f85097e34",
      "provider": "provider[\"registry.terraform.io/hashicorp/aws\"]",
      "instances": [
        {
          "schema_version": 0,
          "attributes": {
            "arn": "arn:aws-us-gov:ec2:us-gov-west-1:050779347855:network-interface/eni-09867869f85097e34",
            "attachment": [
              {
                "attachment_id": "eni-attach-00b5aae190a31f673",
                "device_index": 1,
                "instance": ""
              }
            ],
            "description": "ELB app/awseb-AWSEB-15FYW3NG9H6DT/cbfd3b5d8a0420ba",
            "id": "eni-09867869f85097e34",
            "interface_type": "interface",
            "ipv4_prefix_count": 0,
            "ipv4_prefixes": [],
            "ipv6_address_count": 0,
            "ipv6_address_list": [],
            "ipv6_address_list_enabled": null,
            "ipv6_addresses": [],
            "ipv6_prefix_count": 0,
            "ipv6_prefixes": [],
            "mac_address": "02:c1:bd:89:52:7e",
            "outpost_arn": "",
            "owner_id": "050779347855",
            "private_dns_name": "ip-10-21-156-190.us-gov-west-1.compute.internal",
            "private_ip": "10.21.156.190",
            "private_ip_list": [
              "10.21.156.190"
            ],
            "private_ip_list_enabled": null,
            "private_ips": [
              "10.21.156.190"
            ],
            "private_ips_count": 0,
            "security_groups": [
              "sg-0b827258e3f0559d8"
            ],
            "source_dest_check": true,
            "subnet_id": "subnet-07402e5b661b23bec",
            "tags": {},
            "tags_all": {}
          },
          "sensitive_attributes": []
        }
      ]
    },
    {
      "mode": "managed",
      "type": "aws_network_interface",
      "name": "eni_098ca6eef46cc49f3",
      "provider": "provider[\"registry.terraform.io/hashicorp/aws\"]",
      "instances": [
        {
          "schema_version": 0,
          "attributes": {
            "arn": "arn:aws-us-gov:ec2:us-gov-west-1:050779347855:network-interface/eni-098ca6eef46cc49f3",
            "attachment": [
              {
                "attachment_id": "eni-attach-07c2261e631a162d0",
                "device_index": 1,
                "instance": ""
              }
            ],
            "description": "ElastiCache core-redis3-003",
            "id": "eni-098ca6eef46cc49f3",
            "interface_type": "interface",
            "ipv4_prefix_count": 0,
            "ipv4_prefixes": [],
            "ipv6_address_count": 0,
            "ipv6_address_list": [],
            "ipv6_address_list_enabled": null,
            "ipv6_addresses": [],
            "ipv6_prefix_count": 0,
            "ipv6_prefixes": [],
            "mac_address": "0a:5c:38:d1:2e:0e",
            "outpost_arn": "",
            "owner_id": "050779347855",
            "private_dns_name": "ip-10-21-76-68.us-gov-west-1.compute.internal",
            "private_ip": "10.21.76.68",
            "private_ip_list": [
              "10.21.76.68"
            ],
            "private_ip_list_enabled": null,
            "private_ips": [
              "10.21.76.68"
            ],
            "private_ips_count": 0,
            "security_groups": [
              "sg-0d25cb1fc58d097e9"
            ],
            "source_dest_check": true,
            "subnet_id": "subnet-096303542f2113a20",
            "tags": {},
            "tags_all": {}
          },
          "sensitive_attributes": []
        }
      ]
    },
    {
      "mode": "managed",
      "type": "aws_network_interface",
      "name": "eni_09c5ee322dc99c537",
      "provider": "provider[\"registry.terraform.io/hashicorp/aws\"]",
      "instances": [
        {
          "schema_version": 0,
          "attributes": {
            "arn": "arn:aws-us-gov:ec2:us-gov-west-1:050779347855:network-interface/eni-09c5ee322dc99c537",
            "attachment": [
              {
                "attachment_id": "eni-attach-08a4bda4a5aac03e3",
                "device_index": 0,
                "instance": "i-0971d04c2b12d03f9"
              }
            ],
            "description": "",
            "id": "eni-09c5ee322dc99c537",
            "interface_type": "interface",
            "ipv4_prefix_count": 0,
            "ipv4_prefixes": [],
            "ipv6_address_count": 0,
            "ipv6_address_list": [],
            "ipv6_address_list_enabled": null,
            "ipv6_addresses": [],
            "ipv6_prefix_count": 0,
            "ipv6_prefixes": [],
            "mac_address": "0a:7d:a5:83:1b:0e",
            "outpost_arn": "",
            "owner_id": "050779347855",
            "private_dns_name": "ip-10-21-71-176.us-gov-west-1.compute.internal",
            "private_ip": "10.21.71.176",
            "private_ip_list": [
              "10.21.71.176"
            ],
            "private_ip_list_enabled": null,
            "private_ips": [
              "10.21.71.176"
            ],
            "private_ips_count": 0,
            "security_groups": [
              "sg-08a68e02fea2591df"
            ],
            "source_dest_check": true,
            "subnet_id": "subnet-096303542f2113a20",
            "tags": {},
            "tags_all": {}
          },
          "sensitive_attributes": []
        }
      ]
    },
    {
      "mode": "managed",
      "type": "aws_network_interface",
      "name": "eni_09eeb36f80d5bd5c9",
      "provider": "provider[\"registry.terraform.io/hashicorp/aws\"]",
      "instances": [
        {
          "schema_version": 0,
          "attributes": {
            "arn": "arn:aws-us-gov:ec2:us-gov-west-1:050779347855:network-interface/eni-09eeb36f80d5bd5c9",
            "attachment": [
              {
                "attachment_id": "eni-attach-016595c0692369870",
                "device_index": 1,
                "instance": ""
              }
            ],
            "description": "ES shared-02",
            "id": "eni-09eeb36f80d5bd5c9",
            "interface_type": "interface",
            "ipv4_prefix_count": 0,
            "ipv4_prefixes": [],
            "ipv6_address_count": 0,
            "ipv6_address_list": [],
            "ipv6_address_list_enabled": null,
            "ipv6_addresses": [],
            "ipv6_prefix_count": 0,
            "ipv6_prefixes": [],
            "mac_address": "06:de:64:5a:fb:56",
            "outpost_arn": "",
            "owner_id": "050779347855",
            "private_dns_name": "ip-10-21-24-215.us-gov-west-1.compute.internal",
            "private_ip": "10.21.24.215",
            "private_ip_list": [
              "10.21.24.215"
            ],
            "private_ip_list_enabled": null,
            "private_ips": [
              "10.21.24.215"
            ],
            "private_ips_count": 0,
            "security_groups": [
              "sg-09655a5d35c96b651"
            ],
            "source_dest_check": true,
            "subnet_id": "subnet-04e27b7af0a76d7ee",
            "tags": {},
            "tags_all": {}
          },
          "sensitive_attributes": []
        }
      ]
    },
    {
      "mode": "managed",
      "type": "aws_network_interface",
      "name": "eni_09f85ea46aa06435d",
      "provider": "provider[\"registry.terraform.io/hashicorp/aws\"]",
      "instances": [
        {
          "schema_version": 0,
          "attributes": {
            "arn": "arn:aws-us-gov:ec2:us-gov-west-1:050779347855:network-interface/eni-09f85ea46aa06435d",
            "attachment": [
              {
                "attachment_id": "eni-attach-0b0a54c0aeb88f08e",
                "device_index": 1,
                "instance": ""
              }
            ],
            "description": "RDSNetworkInterface",
            "id": "eni-09f85ea46aa06435d",
            "interface_type": "interface",
            "ipv4_prefix_count": 0,
            "ipv4_prefixes": [],
            "ipv6_address_count": 0,
            "ipv6_address_list": [],
            "ipv6_address_list_enabled": null,
            "ipv6_addresses": [],
            "ipv6_prefix_count": 0,
            "ipv6_prefixes": [],
            "mac_address": "02:ec:1d:31:cb:cc",
            "outpost_arn": "",
            "owner_id": "050779347855",
            "private_dns_name": "ip-10-21-60-243.us-gov-west-1.compute.internal",
            "private_ip": "10.21.60.243",
            "private_ip_list": [
              "10.21.60.243"
            ],
            "private_ip_list_enabled": null,
            "private_ips": [
              "10.21.60.243"
            ],
            "private_ips_count": 0,
            "security_groups": [
              "sg-0cb65ab88426db217"
            ],
            "source_dest_check": true,
            "subnet_id": "subnet-05203dc92b0823553",
            "tags": {},
            "tags_all": {}
          },
          "sensitive_attributes": []
        }
      ]
    },
    {
      "mode": "managed",
      "type": "aws_network_interface",
      "name": "eni_0a66b8e7aba2ca1c4",
      "provider": "provider[\"registry.terraform.io/hashicorp/aws\"]",
      "instances": [
        {
          "schema_version": 0,
          "attributes": {
            "arn": "arn:aws-us-gov:ec2:us-gov-west-1:050779347855:network-interface/eni-0a66b8e7aba2ca1c4",
            "attachment": [
              {
                "attachment_id": "ela-attach-0428089d9843ad681",
                "device_index": 1,
                "instance": ""
              }
            ],
            "description": "AWS Lambda VPC ENI-learning-image-publisher-fa754c90-fda9-4a9b-8b6c-bf82bbdf05d0",
            "id": "eni-0a66b8e7aba2ca1c4",
            "interface_type": "lambda",
            "ipv4_prefix_count": 0,
            "ipv4_prefixes": [],
            "ipv6_address_count": 0,
            "ipv6_address_list": [],
            "ipv6_address_list_enabled": null,
            "ipv6_addresses": [],
            "ipv6_prefix_count": 0,
            "ipv6_prefixes": [],
            "mac_address": "0a:3f:ec:97:b0:72",
            "outpost_arn": "",
            "owner_id": "050779347855",
            "private_dns_name": "ip-10-21-70-218.us-gov-west-1.compute.internal",
            "private_ip": "10.21.70.218",
            "private_ip_list": [
              "10.21.70.218"
            ],
            "private_ip_list_enabled": null,
            "private_ips": [
              "10.21.70.218"
            ],
            "private_ips_count": 0,
            "security_groups": [
              "sg-09ec086d4a18f2267"
            ],
            "source_dest_check": true,
            "subnet_id": "subnet-096303542f2113a20",
            "tags": {},
            "tags_all": {}
          },
          "sensitive_attributes": []
        }
      ]
    },
    {
      "mode": "managed",
      "type": "aws_network_interface",
      "name": "eni_0aa0af140f5d3d18c",
      "provider": "provider[\"registry.terraform.io/hashicorp/aws\"]",
      "instances": [
        {
          "schema_version": 0,
          "attributes": {
            "arn": "arn:aws-us-gov:ec2:us-gov-west-1:050779347855:network-interface/eni-0aa0af140f5d3d18c",
            "attachment": [
              {
                "attachment_id": "eni-attach-054c2f596d56686b2",
                "device_index": 0,
                "instance": "i-0db9986f41eead4f0"
              }
            ],
            "description": "",
            "id": "eni-0aa0af140f5d3d18c",
            "interface_type": "interface",
            "ipv4_prefix_count": 0,
            "ipv4_prefixes": [],
            "ipv6_address_count": 0,
            "ipv6_address_list": [],
            "ipv6_address_list_enabled": null,
            "ipv6_addresses": [],
            "ipv6_prefix_count": 0,
            "ipv6_prefixes": [],
            "mac_address": "0a:f7:99:3c:81:c2",
            "outpost_arn": "",
            "owner_id": "050779347855",
            "private_dns_name": "ip-10-21-93-37.us-gov-west-1.compute.internal",
            "private_ip": "10.21.93.37",
            "private_ip_list": [
              "10.21.93.37"
            ],
            "private_ip_list_enabled": null,
            "private_ips": [
              "10.21.93.37"
            ],
            "private_ips_count": 0,
            "security_groups": [
              "sg-096a6ba8268eef3f6"
            ],
            "source_dest_check": true,
            "subnet_id": "subnet-096303542f2113a20",
            "tags": {},
            "tags_all": {}
          },
          "sensitive_attributes": []
        }
      ]
    },
    {
      "mode": "managed",
      "type": "aws_network_interface",
      "name": "eni_0ac15067e417d8bbb",
      "provider": "provider[\"registry.terraform.io/hashicorp/aws\"]",
      "instances": [
        {
          "schema_version": 0,
          "attributes": {
            "arn": "arn:aws-us-gov:ec2:us-gov-west-1:050779347855:network-interface/eni-0ac15067e417d8bbb",
            "attachment": [],
            "description": "ES shared-02",
            "id": "eni-0ac15067e417d8bbb",
            "interface_type": "interface",
            "ipv4_prefix_count": 0,
            "ipv4_prefixes": [],
            "ipv6_address_count": 0,
            "ipv6_address_list": [],
            "ipv6_address_list_enabled": null,
            "ipv6_addresses": [],
            "ipv6_prefix_count": 0,
            "ipv6_prefixes": [],
            "mac_address": "06:ee:e6:61:0d:7c",
            "outpost_arn": "",
            "owner_id": "050779347855",
            "private_dns_name": "ip-10-21-21-165.us-gov-west-1.compute.internal",
            "private_ip": "10.21.21.165",
            "private_ip_list": [
              "10.21.21.165"
            ],
            "private_ip_list_enabled": null,
            "private_ips": [
              "10.21.21.165"
            ],
            "private_ips_count": 0,
            "security_groups": [
              "sg-09655a5d35c96b651"
            ],
            "source_dest_check": true,
            "subnet_id": "subnet-04e27b7af0a76d7ee",
            "tags": {},
            "tags_all": {}
          },
          "sensitive_attributes": []
        }
      ]
    },
    {
      "mode": "managed",
      "type": "aws_network_interface",
      "name": "eni_0ae08bef558f0d4fa",
      "provider": "provider[\"registry.terraform.io/hashicorp/aws\"]",
      "instances": [
        {
          "schema_version": 0,
          "attributes": {
            "arn": "arn:aws-us-gov:ec2:us-gov-west-1:050779347855:network-interface/eni-0ae08bef558f0d4fa",
            "attachment": [
              {
                "attachment_id": "eni-attach-0084d9dea0082e433",
                "device_index": 1,
                "instance": ""
              }
            ],
            "description": "ELB app/awseb-AWSEB-8H0U1SE19616/b167e44c5a2ca844",
            "id": "eni-0ae08bef558f0d4fa",
            "interface_type": "interface",
            "ipv4_prefix_count": 0,
            "ipv4_prefixes": [],
            "ipv6_address_count": 0,
            "ipv6_address_list": [],
            "ipv6_address_list_enabled": null,
            "ipv6_addresses": [],
            "ipv6_prefix_count": 0,
            "ipv6_prefixes": [],
            "mac_address": "06:6b:1f:6b:0e:1a",
            "outpost_arn": "",
            "owner_id": "050779347855",
            "private_dns_name": "ip-10-21-139-173.us-gov-west-1.compute.internal",
            "private_ip": "10.21.139.173",
            "private_ip_list": [
              "10.21.139.173"
            ],
            "private_ip_list_enabled": null,
            "private_ips": [
              "10.21.139.173"
            ],
            "private_ips_count": 0,
            "security_groups": [
              "sg-07f009cc182a06a04"
            ],
            "source_dest_check": true,
            "subnet_id": "subnet-0680aa96bc65f072d",
            "tags": {},
            "tags_all": {}
          },
          "sensitive_attributes": []
        }
      ]
    },
    {
      "mode": "managed",
      "type": "aws_network_interface",
      "name": "eni_0af7c7e2b01a3a5a9",
      "provider": "provider[\"registry.terraform.io/hashicorp/aws\"]",
      "instances": [
        {
          "schema_version": 0,
          "attributes": {
            "arn": "arn:aws-us-gov:ec2:us-gov-west-1:050779347855:network-interface/eni-0af7c7e2b01a3a5a9",
            "attachment": [
              {
                "attachment_id": "eni-attach-0a3ead6b063072644",
                "device_index": 0,
                "instance": "i-0a5a91dc513886571"
              }
            ],
            "description": "",
            "id": "eni-0af7c7e2b01a3a5a9",
            "interface_type": "interface",
            "ipv4_prefix_count": 0,
            "ipv4_prefixes": [],
            "ipv6_address_count": 0,
            "ipv6_address_list": [],
            "ipv6_address_list_enabled": null,
            "ipv6_addresses": [],
            "ipv6_prefix_count": 0,
            "ipv6_prefixes": [],
            "mac_address": "02:96:53:cb:a5:d6",
            "outpost_arn": "",
            "owner_id": "050779347855",
            "private_dns_name": "ip-10-21-57-16.us-gov-west-1.compute.internal",
            "private_ip": "10.21.57.16",
            "private_ip_list": [
              "10.21.57.16"
            ],
            "private_ip_list_enabled": null,
            "private_ips": [
              "10.21.57.16"
            ],
            "private_ips_count": 0,
            "security_groups": [
              "sg-00980b7da446e1fe7"
            ],
            "source_dest_check": true,
            "subnet_id": "subnet-05203dc92b0823553",
            "tags": {},
            "tags_all": {}
          },
          "sensitive_attributes": []
        }
      ]
    },
    {
      "mode": "managed",
      "type": "aws_network_interface",
      "name": "eni_0b05188a36403cab8",
      "provider": "provider[\"registry.terraform.io/hashicorp/aws\"]",
      "instances": [
        {
          "schema_version": 0,
          "attributes": {
            "arn": "arn:aws-us-gov:ec2:us-gov-west-1:050779347855:network-interface/eni-0b05188a36403cab8",
            "attachment": [
              {
                "attachment_id": "eni-attach-09c85a5cce9b3bf8b",
                "device_index": 1,
                "instance": ""
              }
            ],
            "description": "ELB app/awseb-AWSEB-61URVRH00UCZ/e8a05fbdccebe16e",
            "id": "eni-0b05188a36403cab8",
            "interface_type": "interface",
            "ipv4_prefix_count": 0,
            "ipv4_prefixes": [],
            "ipv6_address_count": 0,
            "ipv6_address_list": [],
            "ipv6_address_list_enabled": null,
            "ipv6_addresses": [],
            "ipv6_prefix_count": 0,
            "ipv6_prefixes": [],
            "mac_address": "06:41:0e:2e:e8:b8",
            "outpost_arn": "",
            "owner_id": "050779347855",
            "private_dns_name": "ip-10-21-141-65.us-gov-west-1.compute.internal",
            "private_ip": "10.21.141.65",
            "private_ip_list": [
              "10.21.141.65"
            ],
            "private_ip_list_enabled": null,
            "private_ips": [
              "10.21.141.65"
            ],
            "private_ips_count": 0,
            "security_groups": [
              "sg-0e07dcad269bc9148"
            ],
            "source_dest_check": true,
            "subnet_id": "subnet-0680aa96bc65f072d",
            "tags": {},
            "tags_all": {}
          },
          "sensitive_attributes": []
        }
      ]
    },
    {
      "mode": "managed",
      "type": "aws_network_interface",
      "name": "eni_0b0ec178c169d18d2",
      "provider": "provider[\"registry.terraform.io/hashicorp/aws\"]",
      "instances": [
        {
          "schema_version": 0,
          "attributes": {
            "arn": "arn:aws-us-gov:ec2:us-gov-west-1:050779347855:network-interface/eni-0b0ec178c169d18d2",
            "attachment": [
              {
                "attachment_id": "eni-attach-0b7435ddfd6d3c262",
                "device_index": 1,
                "instance": ""
              }
            ],
            "description": "ELB app/awseb-AWSEB-15X3QV41KCHP8/1084d67b6e605d54",
            "id": "eni-0b0ec178c169d18d2",
            "interface_type": "interface",
            "ipv4_prefix_count": 0,
            "ipv4_prefixes": [],
            "ipv6_address_count": 0,
            "ipv6_address_list": [],
            "ipv6_address_list_enabled": null,
            "ipv6_addresses": [],
            "ipv6_prefix_count": 0,
            "ipv6_prefixes": [],
            "mac_address": "02:47:4c:51:7c:20",
            "outpost_arn": "",
            "owner_id": "050779347855",
            "private_dns_name": "ip-10-21-152-208.us-gov-west-1.compute.internal",
            "private_ip": "10.21.152.208",
            "private_ip_list": [
              "10.21.152.208"
            ],
            "private_ip_list_enabled": null,
            "private_ips": [
              "10.21.152.208"
            ],
            "private_ips_count": 0,
            "security_groups": [
              "sg-0ab678abfaabcacf3"
            ],
            "source_dest_check": true,
            "subnet_id": "subnet-07402e5b661b23bec",
            "tags": {},
            "tags_all": {}
          },
          "sensitive_attributes": []
        }
      ]
    },
    {
      "mode": "managed",
      "type": "aws_network_interface",
      "name": "eni_0b926b13a94a426ac",
      "provider": "provider[\"registry.terraform.io/hashicorp/aws\"]",
      "instances": [
        {
          "schema_version": 0,
          "attributes": {
            "arn": "arn:aws-us-gov:ec2:us-gov-west-1:050779347855:network-interface/eni-0b926b13a94a426ac",
            "attachment": [
              {
                "attachment_id": "eni-attach-05547548b886530ad",
                "device_index": 1,
                "instance": ""
              }
            ],
            "description": "ELB app/service-infrastructure-internal/fd55d6a9485ddbea",
            "id": "eni-0b926b13a94a426ac",
            "interface_type": "interface",
            "ipv4_prefix_count": 0,
            "ipv4_prefixes": [],
            "ipv6_address_count": 0,
            "ipv6_address_list": [],
            "ipv6_address_list_enabled": null,
            "ipv6_addresses": [],
            "ipv6_prefix_count": 0,
            "ipv6_prefixes": [],
            "mac_address": "02:57:aa:c9:66:9c",
            "outpost_arn": "",
            "owner_id": "050779347855",
            "private_dns_name": "ip-10-21-36-143.us-gov-west-1.compute.internal",
            "private_ip": "10.21.36.143",
            "private_ip_list": [
              "10.21.36.143"
            ],
            "private_ip_list_enabled": null,
            "private_ips": [
              "10.21.36.143"
            ],
            "private_ips_count": 0,
            "security_groups": [
              "sg-03769d92c81a37e14"
            ],
            "source_dest_check": true,
            "subnet_id": "subnet-05203dc92b0823553",
            "tags": {},
            "tags_all": {}
          },
          "sensitive_attributes": []
        }
      ]
    },
    {
      "mode": "managed",
      "type": "aws_network_interface",
      "name": "eni_0bed7fe4d3caabc9c",
      "provider": "provider[\"registry.terraform.io/hashicorp/aws\"]",
      "instances": [
        {
          "schema_version": 0,
          "attributes": {
            "arn": "arn:aws-us-gov:ec2:us-gov-west-1:050779347855:network-interface/eni-0bed7fe4d3caabc9c",
            "attachment": [
              {
                "attachment_id": "eni-attach-0208edbfc61c6b59b",
                "device_index": 1,
                "instance": ""
              }
            ],
            "description": "ELB app/awseb-AWSEB-ZRMNV8V7XEA5/1acfb34e22719e99",
            "id": "eni-0bed7fe4d3caabc9c",
            "interface_type": "interface",
            "ipv4_prefix_count": 0,
            "ipv4_prefixes": [],
            "ipv6_address_count": 0,
            "ipv6_address_list": [],
            "ipv6_address_list_enabled": null,
            "ipv6_addresses": [],
            "ipv6_prefix_count": 0,
            "ipv6_prefixes": [],
            "mac_address": "0a:c4:9a:67:9d:82",
            "outpost_arn": "",
            "owner_id": "050779347855",
            "private_dns_name": "ip-10-21-161-91.us-gov-west-1.compute.internal",
            "private_ip": "10.21.161.91",
            "private_ip_list": [
              "10.21.161.91"
            ],
            "private_ip_list_enabled": null,
            "private_ips": [
              "10.21.161.91"
            ],
            "private_ips_count": 0,
            "security_groups": [
              "sg-05b689cdd90002026"
            ],
            "source_dest_check": true,
            "subnet_id": "subnet-076f8b852c6b60060",
            "tags": {},
            "tags_all": {}
          },
          "sensitive_attributes": []
        }
      ]
    },
    {
      "mode": "managed",
      "type": "aws_network_interface",
      "name": "eni_0bf45040652299717",
      "provider": "provider[\"registry.terraform.io/hashicorp/aws\"]",
      "instances": [
        {
          "schema_version": 0,
          "attributes": {
            "arn": "arn:aws-us-gov:ec2:us-gov-west-1:050779347855:network-interface/eni-0bf45040652299717",
            "attachment": [
              {
                "attachment_id": "eni-attach-0e0c454ef8853bd8f",
                "device_index": 0,
                "instance": "i-0e58a853ddfa77b65"
              }
            ],
            "description": "",
            "id": "eni-0bf45040652299717",
            "interface_type": "interface",
            "ipv4_prefix_count": 0,
            "ipv4_prefixes": [],
            "ipv6_address_count": 0,
            "ipv6_address_list": [],
            "ipv6_address_list_enabled": null,
            "ipv6_addresses": [],
            "ipv6_prefix_count": 0,
            "ipv6_prefixes": [],
            "mac_address": "02:e7:1d:c3:81:c4",
            "outpost_arn": "",
            "owner_id": "050779347855",
            "private_dns_name": "ip-10-21-61-78.us-gov-west-1.compute.internal",
            "private_ip": "10.21.61.78",
            "private_ip_list": [
              "10.21.61.78"
            ],
            "private_ip_list_enabled": null,
            "private_ips": [
              "10.21.61.78"
            ],
            "private_ips_count": 0,
            "security_groups": [
              "sg-0f5539d3e349bae63"
            ],
            "source_dest_check": true,
            "subnet_id": "subnet-05203dc92b0823553",
            "tags": {},
            "tags_all": {}
          },
          "sensitive_attributes": []
        }
      ]
    },
    {
      "mode": "managed",
      "type": "aws_network_interface",
      "name": "eni_0c24bcf5b06d1e365",
      "provider": "provider[\"registry.terraform.io/hashicorp/aws\"]",
      "instances": [
        {
          "schema_version": 0,
          "attributes": {
            "arn": "arn:aws-us-gov:ec2:us-gov-west-1:050779347855:network-interface/eni-0c24bcf5b06d1e365",
            "attachment": [
              {
                "attachment_id": "eni-attach-0341f06a815329f79",
                "device_index": 1,
                "instance": ""
              }
            ],
            "description": "ELB app/awseb-AWSEB-NDZP2R5I5BRY/7faab2bb314013fe",
            "id": "eni-0c24bcf5b06d1e365",
            "interface_type": "interface",
            "ipv4_prefix_count": 0,
            "ipv4_prefixes": [],
            "ipv6_address_count": 0,
            "ipv6_address_list": [],
            "ipv6_address_list_enabled": null,
            "ipv6_addresses": [],
            "ipv6_prefix_count": 0,
            "ipv6_prefixes": [],
            "mac_address": "0a:2b:1b:55:c8:94",
            "outpost_arn": "",
            "owner_id": "050779347855",
            "private_dns_name": "ip-10-21-170-36.us-gov-west-1.compute.internal",
            "private_ip": "10.21.170.36",
            "private_ip_list": [
              "10.21.170.36"
            ],
            "private_ip_list_enabled": null,
            "private_ips": [
              "10.21.170.36"
            ],
            "private_ips_count": 0,
            "security_groups": [
              "sg-006b0c4ba4ce0eed7"
            ],
            "source_dest_check": true,
            "subnet_id": "subnet-076f8b852c6b60060",
            "tags": {},
            "tags_all": {}
          },
          "sensitive_attributes": []
        }
      ]
    },
    {
      "mode": "managed",
      "type": "aws_network_interface",
      "name": "eni_0c2ae7d56245e0829",
      "provider": "provider[\"registry.terraform.io/hashicorp/aws\"]",
      "instances": [
        {
          "schema_version": 0,
          "attributes": {
            "arn": "arn:aws-us-gov:ec2:us-gov-west-1:050779347855:network-interface/eni-0c2ae7d56245e0829",
            "attachment": [
              {
                "attachment_id": "eni-attach-0a2152d907f98b52c",
                "device_index": 1,
                "instance": ""
              }
            ],
            "description": "ELB app/awseb-AWSEB-1W0ZV84FILDNY/0522b81018f9ce52",
            "id": "eni-0c2ae7d56245e0829",
            "interface_type": "interface",
            "ipv4_prefix_count": 0,
            "ipv4_prefixes": [],
            "ipv6_address_count": 0,
            "ipv6_address_list": [],
            "ipv6_address_list_enabled": null,
            "ipv6_addresses": [],
            "ipv6_prefix_count": 0,
            "ipv6_prefixes": [],
            "mac_address": "06:48:33:52:96:ea",
            "outpost_arn": "",
            "owner_id": "050779347855",
            "private_dns_name": "ip-10-21-129-125.us-gov-west-1.compute.internal",
            "private_ip": "10.21.129.125",
            "private_ip_list": [
              "10.21.129.125"
            ],
            "private_ip_list_enabled": null,
            "private_ips": [
              "10.21.129.125"
            ],
            "private_ips_count": 0,
            "security_groups": [
              "sg-057a681c0afce6d70"
            ],
            "source_dest_check": true,
            "subnet_id": "subnet-0680aa96bc65f072d",
            "tags": {},
            "tags_all": {}
          },
          "sensitive_attributes": []
        }
      ]
    },
    {
      "mode": "managed",
      "type": "aws_network_interface",
      "name": "eni_0c2cb6f8cf90d2de1",
      "provider": "provider[\"registry.terraform.io/hashicorp/aws\"]",
      "instances": [
        {
          "schema_version": 0,
          "attributes": {
            "arn": "arn:aws-us-gov:ec2:us-gov-west-1:050779347855:network-interface/eni-0c2cb6f8cf90d2de1",
            "attachment": [
              {
                "attachment_id": "ela-attach-0c3c4d9ac4571eb28",
                "device_index": 1,
                "instance": ""
              }
            ],
            "description": "Interface for NAT Gateway nat-0d8b2f0ad23aa7527",
            "id": "eni-0c2cb6f8cf90d2de1",
            "interface_type": "nat_gateway",
            "ipv4_prefix_count": 0,
            "ipv4_prefixes": [],
            "ipv6_address_count": 0,
            "ipv6_address_list": [],
            "ipv6_address_list_enabled": null,
            "ipv6_addresses": [],
            "ipv6_prefix_count": 0,
            "ipv6_prefixes": [],
            "mac_address": "0a:77:d9:4d:78:6a",
            "outpost_arn": "",
            "owner_id": "050779347855",
            "private_dns_name": "ip-10-21-165-210.us-gov-west-1.compute.internal",
            "private_ip": "10.21.165.210",
            "private_ip_list": [
              "10.21.165.210"
            ],
            "private_ip_list_enabled": null,
            "private_ips": [
              "10.21.165.210"
            ],
            "private_ips_count": 0,
            "security_groups": [],
            "source_dest_check": false,
            "subnet_id": "subnet-076f8b852c6b60060",
            "tags": {},
            "tags_all": {}
          },
          "sensitive_attributes": []
        }
      ]
    },
    {
      "mode": "managed",
      "type": "aws_network_interface",
      "name": "eni_0c9f8f364bbd31821",
      "provider": "provider[\"registry.terraform.io/hashicorp/aws\"]",
      "instances": [
        {
          "schema_version": 0,
          "attributes": {
            "arn": "arn:aws-us-gov:ec2:us-gov-west-1:050779347855:network-interface/eni-0c9f8f364bbd31821",
            "attachment": [
              {
                "attachment_id": "eni-attach-0ea60f25226deb743",
                "device_index": 1,
                "instance": ""
              }
            ],
            "description": "RDSNetworkInterface",
            "id": "eni-0c9f8f364bbd31821",
            "interface_type": "interface",
            "ipv4_prefix_count": 0,
            "ipv4_prefixes": [],
            "ipv6_address_count": 0,
            "ipv6_address_list": [],
            "ipv6_address_list_enabled": null,
            "ipv6_addresses": [],
            "ipv6_prefix_count": 0,
            "ipv6_prefixes": [],
            "mac_address": "06:88:26:e5:40:cc",
            "outpost_arn": "",
            "owner_id": "050779347855",
            "private_dns_name": "ip-10-21-31-156.us-gov-west-1.compute.internal",
            "private_ip": "10.21.31.156",
            "private_ip_list": [
              "10.21.31.156"
            ],
            "private_ip_list_enabled": null,
            "private_ips": [
              "10.21.31.156"
            ],
            "private_ips_count": 0,
            "security_groups": [
              "sg-0b0eed2b18edcbfaa"
            ],
            "source_dest_check": true,
            "subnet_id": "subnet-04e27b7af0a76d7ee",
            "tags": {},
            "tags_all": {}
          },
          "sensitive_attributes": []
        }
      ]
    },
    {
      "mode": "managed",
      "type": "aws_network_interface",
      "name": "eni_0cceae62b1e17e68e",
      "provider": "provider[\"registry.terraform.io/hashicorp/aws\"]",
      "instances": [
        {
          "schema_version": 0,
          "attributes": {
            "arn": "arn:aws-us-gov:ec2:us-gov-west-1:050779347855:network-interface/eni-0cceae62b1e17e68e",
            "attachment": [
              {
                "attachment_id": "eni-attach-0ffccce5fabd2dadc",
                "device_index": 1,
                "instance": ""
              }
            ],
            "description": "ES shared-02",
            "id": "eni-0cceae62b1e17e68e",
            "interface_type": "interface",
            "ipv4_prefix_count": 0,
            "ipv4_prefixes": [],
            "ipv6_address_count": 0,
            "ipv6_address_list": [],
            "ipv6_address_list_enabled": null,
            "ipv6_addresses": [],
            "ipv6_prefix_count": 0,
            "ipv6_prefixes": [],
            "mac_address": "0a:4b:dd:e0:c6:c6",
            "outpost_arn": "",
            "owner_id": "050779347855",
            "private_dns_name": "ip-10-21-71-191.us-gov-west-1.compute.internal",
            "private_ip": "10.21.71.191",
            "private_ip_list": [
              "10.21.71.191"
            ],
            "private_ip_list_enabled": null,
            "private_ips": [
              "10.21.71.191"
            ],
            "private_ips_count": 0,
            "security_groups": [
              "sg-09655a5d35c96b651"
            ],
            "source_dest_check": true,
            "subnet_id": "subnet-096303542f2113a20",
            "tags": {},
            "tags_all": {}
          },
          "sensitive_attributes": []
        }
      ]
    },
    {
      "mode": "managed",
      "type": "aws_network_interface",
      "name": "eni_0cf683f03b3944029",
      "provider": "provider[\"registry.terraform.io/hashicorp/aws\"]",
      "instances": [
        {
          "schema_version": 0,
          "attributes": {
            "arn": "arn:aws-us-gov:ec2:us-gov-west-1:050779347855:network-interface/eni-0cf683f03b3944029",
            "attachment": [
              {
                "attachment_id": "eni-attach-0b844b1c772e0b97f",
                "device_index": 1,
                "instance": ""
              }
            ],
            "description": "ES shared-01",
            "id": "eni-0cf683f03b3944029",
            "interface_type": "interface",
            "ipv4_prefix_count": 0,
            "ipv4_prefixes": [],
            "ipv6_address_count": 0,
            "ipv6_address_list": [],
            "ipv6_address_list_enabled": null,
            "ipv6_addresses": [],
            "ipv6_prefix_count": 0,
            "ipv6_prefixes": [],
            "mac_address": "06:be:3e:73:34:84",
            "outpost_arn": "",
            "owner_id": "050779347855",
            "private_dns_name": "ip-10-21-16-55.us-gov-west-1.compute.internal",
            "private_ip": "10.21.16.55",
            "private_ip_list": [
              "10.21.16.55"
            ],
            "private_ip_list_enabled": null,
            "private_ips": [
              "10.21.16.55"
            ],
            "private_ips_count": 0,
            "security_groups": [
              "sg-081ba48ae3370758b"
            ],
            "source_dest_check": true,
            "subnet_id": "subnet-04e27b7af0a76d7ee",
            "tags": {},
            "tags_all": {}
          },
          "sensitive_attributes": []
        }
      ]
    },
    {
      "mode": "managed",
      "type": "aws_network_interface",
      "name": "eni_0cfbbdf5183ff23dd",
      "provider": "provider[\"registry.terraform.io/hashicorp/aws\"]",
      "instances": [
        {
          "schema_version": 0,
          "attributes": {
            "arn": "arn:aws-us-gov:ec2:us-gov-west-1:050779347855:network-interface/eni-0cfbbdf5183ff23dd",
            "attachment": [
              {
                "attachment_id": "eni-attach-0e7b1fc59973f7784",
                "device_index": 1,
                "instance": ""
              }
            ],
            "description": "RDSNetworkInterface",
            "id": "eni-0cfbbdf5183ff23dd",
            "interface_type": "interface",
            "ipv4_prefix_count": 0,
            "ipv4_prefixes": [],
            "ipv6_address_count": 0,
            "ipv6_address_list": [],
            "ipv6_address_list_enabled": null,
            "ipv6_addresses": [],
            "ipv6_prefix_count": 0,
            "ipv6_prefixes": [],
            "mac_address": "06:b1:bd:14:b2:f6",
            "outpost_arn": "",
            "owner_id": "050779347855",
            "private_dns_name": "ip-10-21-23-90.us-gov-west-1.compute.internal",
            "private_ip": "10.21.23.90",
            "private_ip_list": [
              "10.21.23.90"
            ],
            "private_ip_list_enabled": null,
            "private_ips": [
              "10.21.23.90"
            ],
            "private_ips_count": 0,
            "security_groups": [
              "sg-0b0eed2b18edcbfaa"
            ],
            "source_dest_check": true,
            "subnet_id": "subnet-04e27b7af0a76d7ee",
            "tags": {},
            "tags_all": {}
          },
          "sensitive_attributes": []
        }
      ]
    },
    {
      "mode": "managed",
      "type": "aws_network_interface",
      "name": "eni_0d010361c41b49589",
      "provider": "provider[\"registry.terraform.io/hashicorp/aws\"]",
      "instances": [
        {
          "schema_version": 0,
          "attributes": {
            "arn": "arn:aws-us-gov:ec2:us-gov-west-1:050779347855:network-interface/eni-0d010361c41b49589",
            "attachment": [
              {
                "attachment_id": "eni-attach-088421f929f6de813",
                "device_index": 0,
                "instance": "i-0eb75240d79b0e380"
              }
            ],
            "description": "",
            "id": "eni-0d010361c41b49589",
            "interface_type": "interface",
            "ipv4_prefix_count": 0,
            "ipv4_prefixes": [],
            "ipv6_address_count": 0,
            "ipv6_address_list": [],
            "ipv6_address_list_enabled": null,
            "ipv6_addresses": [],
            "ipv6_prefix_count": 0,
            "ipv6_prefixes": [],
            "mac_address": "06:23:c2:a9:c3:bc",
            "outpost_arn": "",
            "owner_id": "050779347855",
            "private_dns_name": "ip-10-21-0-11.us-gov-west-1.compute.internal",
            "private_ip": "10.21.0.11",
            "private_ip_list": [
              "10.21.0.11"
            ],
            "private_ip_list_enabled": null,
            "private_ips": [
              "10.21.0.11"
            ],
            "private_ips_count": 0,
            "security_groups": [
              "sg-091b35fd5feaac3d0"
            ],
            "source_dest_check": true,
            "subnet_id": "subnet-04e27b7af0a76d7ee",
            "tags": {},
            "tags_all": {}
          },
          "sensitive_attributes": []
        }
      ]
    },
    {
      "mode": "managed",
      "type": "aws_network_interface",
      "name": "eni_0d476a3eb81043a32",
      "provider": "provider[\"registry.terraform.io/hashicorp/aws\"]",
      "instances": [
        {
          "schema_version": 0,
          "attributes": {
            "arn": "arn:aws-us-gov:ec2:us-gov-west-1:050779347855:network-interface/eni-0d476a3eb81043a32",
            "attachment": [
              {
                "attachment_id": "eni-attach-0c2a7ab362a296918",
                "device_index": 1,
                "instance": ""
              }
            ],
            "description": "ELB app/awseb-AWSEB-9EQA00IFFDNV/51f5f97fcb37b814",
            "id": "eni-0d476a3eb81043a32",
            "interface_type": "interface",
            "ipv4_prefix_count": 0,
            "ipv4_prefixes": [],
            "ipv6_address_count": 0,
            "ipv6_address_list": [],
            "ipv6_address_list_enabled": null,
            "ipv6_addresses": [],
            "ipv6_prefix_count": 0,
            "ipv6_prefixes": [],
            "mac_address": "06:51:ff:25:36:02",
            "outpost_arn": "",
            "owner_id": "050779347855",
            "private_dns_name": "ip-10-21-130-6.us-gov-west-1.compute.internal",
            "private_ip": "10.21.130.6",
            "private_ip_list": [
              "10.21.130.6"
            ],
            "private_ip_list_enabled": null,
            "private_ips": [
              "10.21.130.6"
            ],
            "private_ips_count": 0,
            "security_groups": [
              "sg-0a8d1d3a2d1effe5d"
            ],
            "source_dest_check": true,
            "subnet_id": "subnet-0680aa96bc65f072d",
            "tags": {},
            "tags_all": {}
          },
          "sensitive_attributes": []
        }
      ]
    },
    {
      "mode": "managed",
      "type": "aws_network_interface",
      "name": "eni_0d481f60de184829e",
      "provider": "provider[\"registry.terraform.io/hashicorp/aws\"]",
      "instances": [
        {
          "schema_version": 0,
          "attributes": {
            "arn": "arn:aws-us-gov:ec2:us-gov-west-1:050779347855:network-interface/eni-0d481f60de184829e",
            "attachment": [
              {
                "attachment_id": "eni-attach-0eabc859b90e65b63",
                "device_index": 1,
                "instance": ""
              }
            ],
            "description": "ELB app/service-infrastructure-internal/fd55d6a9485ddbea",
            "id": "eni-0d481f60de184829e",
            "interface_type": "interface",
            "ipv4_prefix_count": 0,
            "ipv4_prefixes": [],
            "ipv6_address_count": 0,
            "ipv6_address_list": [],
            "ipv6_address_list_enabled": null,
            "ipv6_addresses": [],
            "ipv6_prefix_count": 0,
            "ipv6_prefixes": [],
            "mac_address": "0a:cd:fd:d1:30:7e",
            "outpost_arn": "",
            "owner_id": "050779347855",
            "private_dns_name": "ip-10-21-67-81.us-gov-west-1.compute.internal",
            "private_ip": "10.21.67.81",
            "private_ip_list": [
              "10.21.67.81"
            ],
            "private_ip_list_enabled": null,
            "private_ips": [
              "10.21.67.81"
            ],
            "private_ips_count": 0,
            "security_groups": [
              "sg-03769d92c81a37e14"
            ],
            "source_dest_check": true,
            "subnet_id": "subnet-096303542f2113a20",
            "tags": {},
            "tags_all": {}
          },
          "sensitive_attributes": []
        }
      ]
    },
    {
      "mode": "managed",
      "type": "aws_network_interface",
      "name": "eni_0d61e7a3db793579a",
      "provider": "provider[\"registry.terraform.io/hashicorp/aws\"]",
      "instances": [
        {
          "schema_version": 0,
          "attributes": {
            "arn": "arn:aws-us-gov:ec2:us-gov-west-1:050779347855:network-interface/eni-0d61e7a3db793579a",
            "attachment": [
              {
                "attachment_id": "eni-attach-06a6419151c768f51",
                "device_index": 1,
                "instance": ""
              }
            ],
            "description": "ElastiCache general-redis-02-001",
            "id": "eni-0d61e7a3db793579a",
            "interface_type": "interface",
            "ipv4_prefix_count": 0,
            "ipv4_prefixes": [],
            "ipv6_address_count": 0,
            "ipv6_address_list": [],
            "ipv6_address_list_enabled": null,
            "ipv6_addresses": [],
            "ipv6_prefix_count": 0,
            "ipv6_prefixes": [],
            "mac_address": "02:4d:c1:42:9c:18",
            "outpost_arn": "",
            "owner_id": "050779347855",
            "private_dns_name": "ip-10-21-59-92.us-gov-west-1.compute.internal",
            "private_ip": "10.21.59.92",
            "private_ip_list": [
              "10.21.59.92"
            ],
            "private_ip_list_enabled": null,
            "private_ips": [
              "10.21.59.92"
            ],
            "private_ips_count": 0,
            "security_groups": [
              "sg-0d25cb1fc58d097e9"
            ],
            "source_dest_check": true,
            "subnet_id": "subnet-05203dc92b0823553",
            "tags": {},
            "tags_all": {}
          },
          "sensitive_attributes": []
        }
      ]
    },
    {
      "mode": "managed",
      "type": "aws_network_interface",
      "name": "eni_0dfd8f3096c9ffa54",
      "provider": "provider[\"registry.terraform.io/hashicorp/aws\"]",
      "instances": [
        {
          "schema_version": 0,
          "attributes": {
            "arn": "arn:aws-us-gov:ec2:us-gov-west-1:050779347855:network-interface/eni-0dfd8f3096c9ffa54",
            "attachment": [
              {
                "attachment_id": "ela-attach-0c57ad1746a51eb35",
                "device_index": 1,
                "instance": ""
              }
            ],
            "description": "Interface for NAT Gateway nat-0955f97e2eb10272c",
            "id": "eni-0dfd8f3096c9ffa54",
            "interface_type": "nat_gateway",
            "ipv4_prefix_count": 0,
            "ipv4_prefixes": [],
            "ipv6_address_count": 0,
            "ipv6_address_list": [],
            "ipv6_address_list_enabled": null,
            "ipv6_addresses": [],
            "ipv6_prefix_count": 0,
            "ipv6_prefixes": [],
            "mac_address": "02:1f:09:18:6c:84",
            "outpost_arn": "",
            "owner_id": "050779347855",
            "private_dns_name": "ip-10-21-152-181.us-gov-west-1.compute.internal",
            "private_ip": "10.21.152.181",
            "private_ip_list": [
              "10.21.152.181"
            ],
            "private_ip_list_enabled": null,
            "private_ips": [
              "10.21.152.181"
            ],
            "private_ips_count": 0,
            "security_groups": [],
            "source_dest_check": false,
            "subnet_id": "subnet-07402e5b661b23bec",
            "tags": {},
            "tags_all": {}
          },
          "sensitive_attributes": []
        }
      ]
    },
    {
      "mode": "managed",
      "type": "aws_network_interface",
      "name": "eni_0e4ba1b38beeac991",
      "provider": "provider[\"registry.terraform.io/hashicorp/aws\"]",
      "instances": [
        {
          "schema_version": 0,
          "attributes": {
            "arn": "arn:aws-us-gov:ec2:us-gov-west-1:050779347855:network-interface/eni-0e4ba1b38beeac991",
            "attachment": [
              {
                "attachment_id": "eni-attach-020c4ef02fb71ca87",
                "device_index": 1,
                "instance": ""
              }
            ],
            "description": "ELB app/awseb-AWSEB-1SO91UM91RWQI/cbdd962b7a7db8ab",
            "id": "eni-0e4ba1b38beeac991",
            "interface_type": "interface",
            "ipv4_prefix_count": 0,
            "ipv4_prefixes": [],
            "ipv6_address_count": 0,
            "ipv6_address_list": [],
            "ipv6_address_list_enabled": null,
            "ipv6_addresses": [],
            "ipv6_prefix_count": 0,
            "ipv6_prefixes": [],
            "mac_address": "02:e3:06:14:95:74",
            "outpost_arn": "",
            "owner_id": "050779347855",
            "private_dns_name": "ip-10-21-147-52.us-gov-west-1.compute.internal",
            "private_ip": "10.21.147.52",
            "private_ip_list": [
              "10.21.147.52"
            ],
            "private_ip_list_enabled": null,
            "private_ips": [
              "10.21.147.52"
            ],
            "private_ips_count": 0,
            "security_groups": [
              "sg-0e3da0334f6f1024d"
            ],
            "source_dest_check": true,
            "subnet_id": "subnet-07402e5b661b23bec",
            "tags": {},
            "tags_all": {}
          },
          "sensitive_attributes": []
        }
      ]
    },
    {
      "mode": "managed",
      "type": "aws_network_interface",
      "name": "eni_0e5a7f5cf29ac11ff",
      "provider": "provider[\"registry.terraform.io/hashicorp/aws\"]",
      "instances": [
        {
          "schema_version": 0,
          "attributes": {
            "arn": "arn:aws-us-gov:ec2:us-gov-west-1:050779347855:network-interface/eni-0e5a7f5cf29ac11ff",
            "attachment": [
              {
                "attachment_id": "eni-attach-04e4d8cc42d364a62",
                "device_index": 1,
                "instance": ""
              }
            ],
            "description": "ELB app/awseb-AWSEB-1GLHUBRW9EX1B/c961c5120a050a5a",
            "id": "eni-0e5a7f5cf29ac11ff",
            "interface_type": "interface",
            "ipv4_prefix_count": 0,
            "ipv4_prefixes": [],
            "ipv6_address_count": 0,
            "ipv6_address_list": [],
            "ipv6_address_list_enabled": null,
            "ipv6_addresses": [],
            "ipv6_prefix_count": 0,
            "ipv6_prefixes": [],
            "mac_address": "0a:20:ff:95:be:6c",
            "outpost_arn": "",
            "owner_id": "050779347855",
            "private_dns_name": "ip-10-21-162-255.us-gov-west-1.compute.internal",
            "private_ip": "10.21.162.255",
            "private_ip_list": [
              "10.21.162.255"
            ],
            "private_ip_list_enabled": null,
            "private_ips": [
              "10.21.162.255"
            ],
            "private_ips_count": 0,
            "security_groups": [
              "sg-0ce67711c9eb8e894"
            ],
            "source_dest_check": true,
            "subnet_id": "subnet-076f8b852c6b60060",
            "tags": {},
            "tags_all": {}
          },
          "sensitive_attributes": []
        }
      ]
    },
    {
      "mode": "managed",
      "type": "aws_network_interface",
      "name": "eni_0e8b8991d1cfd8a3e",
      "provider": "provider[\"registry.terraform.io/hashicorp/aws\"]",
      "instances": [
        {
          "schema_version": 0,
          "attributes": {
            "arn": "arn:aws-us-gov:ec2:us-gov-west-1:050779347855:network-interface/eni-0e8b8991d1cfd8a3e",
            "attachment": [
              {
                "attachment_id": "ela-attach-0e6aa9085e49e7883",
                "device_index": 1,
                "instance": ""
              }
            ],
            "description": "AWS Lambda VPC ENI-identity-saveSignInEvent-b76c8aef-53f7-43e8-a339-fcc55cb5ee65",
            "id": "eni-0e8b8991d1cfd8a3e",
            "interface_type": "lambda",
            "ipv4_prefix_count": 0,
            "ipv4_prefixes": [],
            "ipv6_address_count": 0,
            "ipv6_address_list": [],
            "ipv6_address_list_enabled": null,
            "ipv6_addresses": [],
            "ipv6_prefix_count": 0,
            "ipv6_prefixes": [],
            "mac_address": "06:69:d2:c5:30:76",
            "outpost_arn": "",
            "owner_id": "050779347855",
            "private_dns_name": "ip-10-21-12-58.us-gov-west-1.compute.internal",
            "private_ip": "10.21.12.58",
            "private_ip_list": [
              "10.21.12.58"
            ],
            "private_ip_list_enabled": null,
            "private_ips": [
              "10.21.12.58"
            ],
            "private_ips_count": 0,
            "security_groups": [
              "sg-05da8fce7414d294c"
            ],
            "source_dest_check": true,
            "subnet_id": "subnet-04e27b7af0a76d7ee",
            "tags": {},
            "tags_all": {}
          },
          "sensitive_attributes": []
        }
      ]
    },
    {
      "mode": "managed",
      "type": "aws_network_interface",
      "name": "eni_0e9209079fe927383",
      "provider": "provider[\"registry.terraform.io/hashicorp/aws\"]",
      "instances": [
        {
          "schema_version": 0,
          "attributes": {
            "arn": "arn:aws-us-gov:ec2:us-gov-west-1:050779347855:network-interface/eni-0e9209079fe927383",
            "attachment": [
              {
                "attachment_id": "eni-attach-0c05e0c0b2bde50fa",
                "device_index": 0,
                "instance": "i-0d34f8cb5602f5857"
              }
            ],
            "description": "Primary network interface",
            "id": "eni-0e9209079fe927383",
            "interface_type": "interface",
            "ipv4_prefix_count": 0,
            "ipv4_prefixes": [],
            "ipv6_address_count": 0,
            "ipv6_address_list": [],
            "ipv6_address_list_enabled": null,
            "ipv6_addresses": [],
            "ipv6_prefix_count": 0,
            "ipv6_prefixes": [],
            "mac_address": "06:77:9e:87:d2:66",
            "outpost_arn": "",
            "owner_id": "050779347855",
            "private_dns_name": "ip-10-21-134-98.us-gov-west-1.compute.internal",
            "private_ip": "10.21.134.98",
            "private_ip_list": [
              "10.21.134.98"
            ],
            "private_ip_list_enabled": null,
            "private_ips": [
              "10.21.134.98"
            ],
            "private_ips_count": 0,
            "security_groups": [
              "sg-0313ffdf68606e618"
            ],
            "source_dest_check": true,
            "subnet_id": "subnet-0680aa96bc65f072d",
            "tags": {
              "Name": "production-BastionServer"
            },
            "tags_all": {
              "Name": "production-BastionServer"
            }
          },
          "sensitive_attributes": []
        }
      ]
    },
    {
      "mode": "managed",
      "type": "aws_network_interface",
      "name": "eni_0f091112b422bb8fe",
      "provider": "provider[\"registry.terraform.io/hashicorp/aws\"]",
      "instances": [
        {
          "schema_version": 0,
          "attributes": {
            "arn": "arn:aws-us-gov:ec2:us-gov-west-1:050779347855:network-interface/eni-0f091112b422bb8fe",
            "attachment": [
              {
                "attachment_id": "eni-attach-0c93e84f3c095033d",
                "device_index": 1,
                "instance": ""
              }
            ],
            "description": "ELB app/awseb-AWSEB-1MDXACYOB2IRQ/56ec1770c583c5c0",
            "id": "eni-0f091112b422bb8fe",
            "interface_type": "interface",
            "ipv4_prefix_count": 0,
            "ipv4_prefixes": [],
            "ipv6_address_count": 0,
            "ipv6_address_list": [],
            "ipv6_address_list_enabled": null,
            "ipv6_addresses": [],
            "ipv6_prefix_count": 0,
            "ipv6_prefixes": [],
            "mac_address": "06:99:0e:8b:e4:5e",
            "outpost_arn": "",
            "owner_id": "050779347855",
            "private_dns_name": "ip-10-21-138-71.us-gov-west-1.compute.internal",
            "private_ip": "10.21.138.71",
            "private_ip_list": [
              "10.21.138.71"
            ],
            "private_ip_list_enabled": null,
            "private_ips": [
              "10.21.138.71"
            ],
            "private_ips_count": 0,
            "security_groups": [
              "sg-00e4e569f9e6920de"
            ],
            "source_dest_check": true,
            "subnet_id": "subnet-0680aa96bc65f072d",
            "tags": {},
            "tags_all": {}
          },
          "sensitive_attributes": []
        }
      ]
    },
    {
      "mode": "managed",
      "type": "aws_network_interface",
      "name": "eni_0f1fdd69fb2e22481",
      "provider": "provider[\"registry.terraform.io/hashicorp/aws\"]",
      "instances": [
        {
          "schema_version": 0,
          "attributes": {
            "arn": "arn:aws-us-gov:ec2:us-gov-west-1:050779347855:network-interface/eni-0f1fdd69fb2e22481",
            "attachment": [
              {
                "attachment_id": "eni-attach-04c0bab7128712672",
                "device_index": 0,
                "instance": "i-0c8a4de7d5781fa5f"
              }
            ],
            "description": "",
            "id": "eni-0f1fdd69fb2e22481",
            "interface_type": "interface",
            "ipv4_prefix_count": 0,
            "ipv4_prefixes": [],
            "ipv6_address_count": 0,
            "ipv6_address_list": [],
            "ipv6_address_list_enabled": null,
            "ipv6_addresses": [],
            "ipv6_prefix_count": 0,
            "ipv6_prefixes": [],
            "mac_address": "0a:2f:e6:d7:67:9c",
            "outpost_arn": "",
            "owner_id": "050779347855",
            "private_dns_name": "ip-10-21-66-72.us-gov-west-1.compute.internal",
            "private_ip": "10.21.66.72",
            "private_ip_list": [
              "10.21.66.72"
            ],
            "private_ip_list_enabled": null,
            "private_ips": [
              "10.21.66.72"
            ],
            "private_ips_count": 0,
            "security_groups": [
              "sg-0961642367dac1a13"
            ],
            "source_dest_check": true,
            "subnet_id": "subnet-096303542f2113a20",
            "tags": {},
            "tags_all": {}
          },
          "sensitive_attributes": []
        }
      ]
    },
    {
      "mode": "managed",
      "type": "aws_network_interface",
      "name": "eni_0f307256e239115b1",
      "provider": "provider[\"registry.terraform.io/hashicorp/aws\"]",
      "instances": [
        {
          "schema_version": 0,
          "attributes": {
            "arn": "arn:aws-us-gov:ec2:us-gov-west-1:050779347855:network-interface/eni-0f307256e239115b1",
            "attachment": [
              {
                "attachment_id": "eni-attach-0ba827586d56b53b6",
                "device_index": 1,
                "instance": ""
              }
            ],
            "description": "RDSNetworkInterface",
            "id": "eni-0f307256e239115b1",
            "interface_type": "interface",
            "ipv4_prefix_count": 0,
            "ipv4_prefixes": [],
            "ipv6_address_count": 0,
            "ipv6_address_list": [],
            "ipv6_address_list_enabled": null,
            "ipv6_addresses": [],
            "ipv6_prefix_count": 0,
            "ipv6_prefixes": [],
            "mac_address": "0a:03:fe:fa:79:e4",
            "outpost_arn": "",
            "owner_id": "050779347855",
            "private_dns_name": "ip-10-21-77-175.us-gov-west-1.compute.internal",
            "private_ip": "10.21.77.175",
            "private_ip_list": [
              "10.21.77.175"
            ],
            "private_ip_list_enabled": null,
            "private_ips": [
              "10.21.77.175"
            ],
            "private_ips_count": 0,
            "security_groups": [
              "sg-0b0eed2b18edcbfaa"
            ],
            "source_dest_check": true,
            "subnet_id": "subnet-096303542f2113a20",
            "tags": {},
            "tags_all": {}
          },
          "sensitive_attributes": []
        }
      ]
    },
    {
      "mode": "managed",
      "type": "aws_network_interface",
      "name": "eni_0f8483f2ebb49f70b",
      "provider": "provider[\"registry.terraform.io/hashicorp/aws\"]",
      "instances": [
        {
          "schema_version": 0,
          "attributes": {
            "arn": "arn:aws-us-gov:ec2:us-gov-west-1:050779347855:network-interface/eni-0f8483f2ebb49f70b",
            "attachment": [
              {
                "attachment_id": "eni-attach-0d12981900fb604e3",
                "device_index": 1,
                "instance": ""
              }
            ],
            "description": "ELB app/awseb-AWSEB-XZ6JUMA8IEE/24c9cf558cf46ee7",
            "id": "eni-0f8483f2ebb49f70b",
            "interface_type": "interface",
            "ipv4_prefix_count": 0,
            "ipv4_prefixes": [],
            "ipv6_address_count": 0,
            "ipv6_address_list": [],
            "ipv6_address_list_enabled": null,
            "ipv6_addresses": [],
            "ipv6_prefix_count": 0,
            "ipv6_prefixes": [],
            "mac_address": "02:0a:9e:dc:20:14",
            "outpost_arn": "",
            "owner_id": "050779347855",
            "private_dns_name": "ip-10-21-151-38.us-gov-west-1.compute.internal",
            "private_ip": "10.21.151.38",
            "private_ip_list": [
              "10.21.151.38"
            ],
            "private_ip_list_enabled": null,
            "private_ips": [
              "10.21.151.38"
            ],
            "private_ips_count": 0,
            "security_groups": [
              "sg-0e3e058433a4793a7"
            ],
            "source_dest_check": true,
            "subnet_id": "subnet-07402e5b661b23bec",
            "tags": {},
            "tags_all": {}
          },
          "sensitive_attributes": []
        }
      ]
    },
    {
      "mode": "managed",
      "type": "aws_network_interface",
      "name": "eni_0f8e08f1103e2679a",
      "provider": "provider[\"registry.terraform.io/hashicorp/aws\"]",
      "instances": [
        {
          "schema_version": 0,
          "attributes": {
            "arn": "arn:aws-us-gov:ec2:us-gov-west-1:050779347855:network-interface/eni-0f8e08f1103e2679a",
            "attachment": [],
            "description": "ES shared-01",
            "id": "eni-0f8e08f1103e2679a",
            "interface_type": "interface",
            "ipv4_prefix_count": 0,
            "ipv4_prefixes": [],
            "ipv6_address_count": 0,
            "ipv6_address_list": [],
            "ipv6_address_list_enabled": null,
            "ipv6_addresses": [],
            "ipv6_prefix_count": 0,
            "ipv6_prefixes": [],
            "mac_address": "02:cb:a6:7d:01:74",
            "outpost_arn": "",
            "owner_id": "050779347855",
            "private_dns_name": "ip-10-21-46-142.us-gov-west-1.compute.internal",
            "private_ip": "10.21.46.142",
            "private_ip_list": [
              "10.21.46.142"
            ],
            "private_ip_list_enabled": null,
            "private_ips": [
              "10.21.46.142"
            ],
            "private_ips_count": 0,
            "security_groups": [
              "sg-081ba48ae3370758b"
            ],
            "source_dest_check": true,
            "subnet_id": "subnet-05203dc92b0823553",
            "tags": {},
            "tags_all": {}
          },
          "sensitive_attributes": []
        }
      ]
    },
    {
      "mode": "managed",
      "type": "aws_network_interface",
      "name": "eni_0f98f79922a2de4a7",
      "provider": "provider[\"registry.terraform.io/hashicorp/aws\"]",
      "instances": [
        {
          "schema_version": 0,
          "attributes": {
            "arn": "arn:aws-us-gov:ec2:us-gov-west-1:050779347855:network-interface/eni-0f98f79922a2de4a7",
            "attachment": [
              {
                "attachment_id": "eni-attach-059ae90f734fa4913",
                "device_index": 0,
                "instance": "i-05c05cc8dbf8cfd76"
              }
            ],
            "description": "",
            "id": "eni-0f98f79922a2de4a7",
            "interface_type": "interface",
            "ipv4_prefix_count": 0,
            "ipv4_prefixes": [],
            "ipv6_address_count": 0,
            "ipv6_address_list": [],
            "ipv6_address_list_enabled": null,
            "ipv6_addresses": [],
            "ipv6_prefix_count": 0,
            "ipv6_prefixes": [],
            "mac_address": "02:2d:3c:2f:82:22",
            "outpost_arn": "",
            "owner_id": "050779347855",
            "private_dns_name": "ip-10-21-34-210.us-gov-west-1.compute.internal",
            "private_ip": "10.21.34.210",
            "private_ip_list": [
              "10.21.34.210"
            ],
            "private_ip_list_enabled": null,
            "private_ips": [
              "10.21.34.210"
            ],
            "private_ips_count": 0,
            "security_groups": [
              "sg-096a6ba8268eef3f6"
            ],
            "source_dest_check": true,
            "subnet_id": "subnet-05203dc92b0823553",
            "tags": {},
            "tags_all": {}
          },
          "sensitive_attributes": []
        }
      ]
    },
    {
      "mode": "managed",
      "type": "aws_network_interface",
      "name": "eni_0fa4283cba1bcafca",
      "provider": "provider[\"registry.terraform.io/hashicorp/aws\"]",
      "instances": [
        {
          "schema_version": 0,
          "attributes": {
            "arn": "arn:aws-us-gov:ec2:us-gov-west-1:050779347855:network-interface/eni-0fa4283cba1bcafca",
            "attachment": [
              {
                "attachment_id": "eni-attach-01e7ce7eef2b984b9",
                "device_index": 1,
                "instance": ""
              }
            ],
            "description": "ELB app/awseb-AWSEB-9EQA00IFFDNV/51f5f97fcb37b814",
            "id": "eni-0fa4283cba1bcafca",
            "interface_type": "interface",
            "ipv4_prefix_count": 0,
            "ipv4_prefixes": [],
            "ipv6_address_count": 0,
            "ipv6_address_list": [],
            "ipv6_address_list_enabled": null,
            "ipv6_addresses": [],
            "ipv6_prefix_count": 0,
            "ipv6_prefixes": [],
            "mac_address": "02:47:e9:66:a6:10",
            "outpost_arn": "",
            "owner_id": "050779347855",
            "private_dns_name": "ip-10-21-158-64.us-gov-west-1.compute.internal",
            "private_ip": "10.21.158.64",
            "private_ip_list": [
              "10.21.158.64"
            ],
            "private_ip_list_enabled": null,
            "private_ips": [
              "10.21.158.64"
            ],
            "private_ips_count": 0,
            "security_groups": [
              "sg-0a8d1d3a2d1effe5d"
            ],
            "source_dest_check": true,
            "subnet_id": "subnet-07402e5b661b23bec",
            "tags": {},
            "tags_all": {}
          },
          "sensitive_attributes": []
        }
      ]
    },
    {
      "mode": "managed",
      "type": "aws_network_interface",
      "name": "eni_0febd2b5f9448b600",
      "provider": "provider[\"registry.terraform.io/hashicorp/aws\"]",
      "instances": [
        {
          "schema_version": 0,
          "attributes": {
            "arn": "arn:aws-us-gov:ec2:us-gov-west-1:050779347855:network-interface/eni-0febd2b5f9448b600",
            "attachment": [],
            "description": "ES shared-02",
            "id": "eni-0febd2b5f9448b600",
            "interface_type": "interface",
            "ipv4_prefix_count": 0,
            "ipv4_prefixes": [],
            "ipv6_address_count": 0,
            "ipv6_address_list": [],
            "ipv6_address_list_enabled": null,
            "ipv6_addresses": [],
            "ipv6_prefix_count": 0,
            "ipv6_prefixes": [],
            "mac_address": "0a:80:cc:e0:b8:50",
            "outpost_arn": "",
            "owner_id": "050779347855",
            "private_dns_name": "ip-10-21-81-171.us-gov-west-1.compute.internal",
            "private_ip": "10.21.81.171",
            "private_ip_list": [
              "10.21.81.171"
            ],
            "private_ip_list_enabled": null,
            "private_ips": [
              "10.21.81.171"
            ],
            "private_ips_count": 0,
            "security_groups": [
              "sg-09655a5d35c96b651"
            ],
            "source_dest_check": true,
            "subnet_id": "subnet-096303542f2113a20",
            "tags": {},
            "tags_all": {}
          },
          "sensitive_attributes": []
        }
      ]
    },
    {
      "mode": "managed",
      "type": "aws_network_interface",
      "name": "eni_0ff7ca09d6c7aff1d",
      "provider": "provider[\"registry.terraform.io/hashicorp/aws\"]",
      "instances": [
        {
          "schema_version": 0,
          "attributes": {
            "arn": "arn:aws-us-gov:ec2:us-gov-west-1:050779347855:network-interface/eni-0ff7ca09d6c7aff1d",
            "attachment": [
              {
                "attachment_id": "eni-attach-04a2661fa4dd60c4c",
                "device_index": 0,
                "instance": "i-0f3baa6f6ea2b4c66"
              }
            ],
            "description": "",
            "id": "eni-0ff7ca09d6c7aff1d",
            "interface_type": "interface",
            "ipv4_prefix_count": 0,
            "ipv4_prefixes": [],
            "ipv6_address_count": 0,
            "ipv6_address_list": [],
            "ipv6_address_list_enabled": null,
            "ipv6_addresses": [],
            "ipv6_prefix_count": 0,
            "ipv6_prefixes": [],
            "mac_address": "06:27:5d:f2:b0:a6",
            "outpost_arn": "",
            "owner_id": "050779347855",
            "private_dns_name": "ip-10-21-19-38.us-gov-west-1.compute.internal",
            "private_ip": "10.21.19.38",
            "private_ip_list": [
              "10.21.19.38"
            ],
            "private_ip_list_enabled": null,
            "private_ips": [
              "10.21.19.38"
            ],
            "private_ips_count": 0,
            "security_groups": [
              "sg-096a6ba8268eef3f6"
            ],
            "source_dest_check": true,
            "subnet_id": "subnet-04e27b7af0a76d7ee",
            "tags": {},
            "tags_all": {}
          },
          "sensitive_attributes": []
        }
      ]
    },
    {
      "mode": "managed",
      "type": "aws_network_interface",
      "name": "eni_0ffe9f4f83c8ed6af",
      "provider": "provider[\"registry.terraform.io/hashicorp/aws\"]",
      "instances": [
        {
          "schema_version": 0,
          "attributes": {
            "arn": "arn:aws-us-gov:ec2:us-gov-west-1:050779347855:network-interface/eni-0ffe9f4f83c8ed6af",
            "attachment": [
              {
                "attachment_id": "eni-attach-0a11430b69fbb4569",
                "device_index": 0,
                "instance": "i-0326b5561dd4c3da0"
              }
            ],
            "description": "",
            "id": "eni-0ffe9f4f83c8ed6af",
            "interface_type": "interface",
            "ipv4_prefix_count": 0,
            "ipv4_prefixes": [],
            "ipv6_address_count": 0,
            "ipv6_address_list": [],
            "ipv6_address_list_enabled": null,
            "ipv6_addresses": [],
            "ipv6_prefix_count": 0,
            "ipv6_prefixes": [],
            "mac_address": "0a:73:ec:1d:2e:4e",
            "outpost_arn": "",
            "owner_id": "050779347855",
            "private_dns_name": "ip-10-21-84-141.us-gov-west-1.compute.internal",
            "private_ip": "10.21.84.141",
            "private_ip_list": [
              "10.21.84.141"
            ],
            "private_ip_list_enabled": null,
            "private_ips": [
              "10.21.84.141"
            ],
            "private_ips_count": 0,
            "security_groups": [
              "sg-00a3f418f039eac2a"
            ],
            "source_dest_check": true,
            "subnet_id": "subnet-096303542f2113a20",
            "tags": {},
            "tags_all": {}
          },
          "sensitive_attributes": []
        }
      ]
    },
    {
      "mode": "managed",
      "type": "aws_network_interface_attachment",
      "name": "eni_attach_0129705681ccf963b",
      "provider": "provider[\"registry.terraform.io/hashicorp/aws\"]",
      "instances": [
        {
          "schema_version": 0,
          "attributes": {
            "attachment_id": "eni-attach-0129705681ccf963b",
            "device_index": 0,
            "id": "eni-attach-0129705681ccf963b",
            "instance_id": "i-0c4491f6c55c90557",
            "network_interface_id": "eni-01d3935cb6f444a6e",
            "status": "attached"
          },
          "sensitive_attributes": []
        }
      ]
    },
    {
      "mode": "managed",
      "type": "aws_network_interface_attachment",
      "name": "eni_attach_04a2661fa4dd60c4c",
      "provider": "provider[\"registry.terraform.io/hashicorp/aws\"]",
      "instances": [
        {
          "schema_version": 0,
          "attributes": {
            "attachment_id": "eni-attach-04a2661fa4dd60c4c",
            "device_index": 0,
            "id": "eni-attach-04a2661fa4dd60c4c",
            "instance_id": "i-0f3baa6f6ea2b4c66",
            "network_interface_id": "eni-0ff7ca09d6c7aff1d",
            "status": "attached"
          },
          "sensitive_attributes": []
        }
      ]
    },
    {
      "mode": "managed",
      "type": "aws_network_interface_attachment",
      "name": "eni_attach_04c0bab7128712672",
      "provider": "provider[\"registry.terraform.io/hashicorp/aws\"]",
      "instances": [
        {
          "schema_version": 0,
          "attributes": {
            "attachment_id": "eni-attach-04c0bab7128712672",
            "device_index": 0,
            "id": "eni-attach-04c0bab7128712672",
            "instance_id": "i-0c8a4de7d5781fa5f",
            "network_interface_id": "eni-0f1fdd69fb2e22481",
            "status": "attached"
          },
          "sensitive_attributes": []
        }
      ]
    },
    {
      "mode": "managed",
      "type": "aws_network_interface_attachment",
      "name": "eni_attach_054c2f596d56686b2",
      "provider": "provider[\"registry.terraform.io/hashicorp/aws\"]",
      "instances": [
        {
          "schema_version": 0,
          "attributes": {
            "attachment_id": "eni-attach-054c2f596d56686b2",
            "device_index": 0,
            "id": "eni-attach-054c2f596d56686b2",
            "instance_id": "i-0db9986f41eead4f0",
            "network_interface_id": "eni-0aa0af140f5d3d18c",
            "status": "attached"
          },
          "sensitive_attributes": []
        }
      ]
    },
    {
      "mode": "managed",
      "type": "aws_network_interface_attachment",
      "name": "eni_attach_059ae90f734fa4913",
      "provider": "provider[\"registry.terraform.io/hashicorp/aws\"]",
      "instances": [
        {
          "schema_version": 0,
          "attributes": {
            "attachment_id": "eni-attach-059ae90f734fa4913",
            "device_index": 0,
            "id": "eni-attach-059ae90f734fa4913",
            "instance_id": "i-05c05cc8dbf8cfd76",
            "network_interface_id": "eni-0f98f79922a2de4a7",
            "status": "attached"
          },
          "sensitive_attributes": []
        }
      ]
    },
    {
      "mode": "managed",
      "type": "aws_network_interface_attachment",
      "name": "eni_attach_088421f929f6de813",
      "provider": "provider[\"registry.terraform.io/hashicorp/aws\"]",
      "instances": [
        {
          "schema_version": 0,
          "attributes": {
            "attachment_id": "eni-attach-088421f929f6de813",
            "device_index": 0,
            "id": "eni-attach-088421f929f6de813",
            "instance_id": "i-0eb75240d79b0e380",
            "network_interface_id": "eni-0d010361c41b49589",
            "status": "attached"
          },
          "sensitive_attributes": []
        }
      ]
    },
    {
      "mode": "managed",
      "type": "aws_network_interface_attachment",
      "name": "eni_attach_08a4bda4a5aac03e3",
      "provider": "provider[\"registry.terraform.io/hashicorp/aws\"]",
      "instances": [
        {
          "schema_version": 0,
          "attributes": {
            "attachment_id": "eni-attach-08a4bda4a5aac03e3",
            "device_index": 0,
            "id": "eni-attach-08a4bda4a5aac03e3",
            "instance_id": "i-0971d04c2b12d03f9",
            "network_interface_id": "eni-09c5ee322dc99c537",
            "status": "attached"
          },
          "sensitive_attributes": []
        }
      ]
    },
    {
      "mode": "managed",
      "type": "aws_network_interface_attachment",
      "name": "eni_attach_09a8e08b295749687",
      "provider": "provider[\"registry.terraform.io/hashicorp/aws\"]",
      "instances": [
        {
          "schema_version": 0,
          "attributes": {
            "attachment_id": "eni-attach-09a8e08b295749687",
            "device_index": 0,
            "id": "eni-attach-09a8e08b295749687",
            "instance_id": "i-03eb275e893951265",
            "network_interface_id": "eni-02d82443ae6327f9f",
            "status": "attached"
          },
          "sensitive_attributes": []
        }
      ]
    },
    {
      "mode": "managed",
      "type": "aws_network_interface_attachment",
      "name": "eni_attach_0a11430b69fbb4569",
      "provider": "provider[\"registry.terraform.io/hashicorp/aws\"]",
      "instances": [
        {
          "schema_version": 0,
          "attributes": {
            "attachment_id": "eni-attach-0a11430b69fbb4569",
            "device_index": 0,
            "id": "eni-attach-0a11430b69fbb4569",
            "instance_id": "i-0326b5561dd4c3da0",
            "network_interface_id": "eni-0ffe9f4f83c8ed6af",
            "status": "attached"
          },
          "sensitive_attributes": []
        }
      ]
    },
    {
      "mode": "managed",
      "type": "aws_network_interface_attachment",
      "name": "eni_attach_0a3ead6b063072644",
      "provider": "provider[\"registry.terraform.io/hashicorp/aws\"]",
      "instances": [
        {
          "schema_version": 0,
          "attributes": {
            "attachment_id": "eni-attach-0a3ead6b063072644",
            "device_index": 0,
            "id": "eni-attach-0a3ead6b063072644",
            "instance_id": "i-0a5a91dc513886571",
            "network_interface_id": "eni-0af7c7e2b01a3a5a9",
            "status": "attached"
          },
          "sensitive_attributes": []
        }
      ]
    },
    {
      "mode": "managed",
      "type": "aws_network_interface_attachment",
      "name": "eni_attach_0ac8d2d5bedcb5f12",
      "provider": "provider[\"registry.terraform.io/hashicorp/aws\"]",
      "instances": [
        {
          "schema_version": 0,
          "attributes": {
            "attachment_id": "eni-attach-0ac8d2d5bedcb5f12",
            "device_index": 0,
            "id": "eni-attach-0ac8d2d5bedcb5f12",
            "instance_id": "i-0dc94083aa5bcb1f3",
            "network_interface_id": "eni-081b57d6dd2d34e72",
            "status": "attached"
          },
          "sensitive_attributes": []
        }
      ]
    },
    {
      "mode": "managed",
      "type": "aws_network_interface_attachment",
      "name": "eni_attach_0afbadfc732a1269f",
      "provider": "provider[\"registry.terraform.io/hashicorp/aws\"]",
      "instances": [
        {
          "schema_version": 0,
          "attributes": {
            "attachment_id": "eni-attach-0afbadfc732a1269f",
            "device_index": 0,
            "id": "eni-attach-0afbadfc732a1269f",
            "instance_id": "i-0262933b142ba0db1",
            "network_interface_id": "eni-03969871f6b5dd0e2",
            "status": "attached"
          },
          "sensitive_attributes": []
        }
      ]
    },
    {
      "mode": "managed",
      "type": "aws_network_interface_attachment",
      "name": "eni_attach_0b19b4b8b14f3fc6c",
      "provider": "provider[\"registry.terraform.io/hashicorp/aws\"]",
      "instances": [
        {
          "schema_version": 0,
          "attributes": {
            "attachment_id": "eni-attach-0b19b4b8b14f3fc6c",
            "device_index": 0,
            "id": "eni-attach-0b19b4b8b14f3fc6c",
            "instance_id": "i-07bcdbd56b575f73d",
            "network_interface_id": "eni-074cc9d284998b1ef",
            "status": "attached"
          },
          "sensitive_attributes": []
        }
      ]
    },
    {
      "mode": "managed",
      "type": "aws_network_interface_attachment",
      "name": "eni_attach_0b8b29a59385106ac",
      "provider": "provider[\"registry.terraform.io/hashicorp/aws\"]",
      "instances": [
        {
          "schema_version": 0,
          "attributes": {
            "attachment_id": "eni-attach-0b8b29a59385106ac",
            "device_index": 0,
            "id": "eni-attach-0b8b29a59385106ac",
            "instance_id": "i-0ed9576eabf115173",
            "network_interface_id": "eni-056e69005124e2a3a",
            "status": "attached"
          },
          "sensitive_attributes": []
        }
      ]
    },
    {
      "mode": "managed",
      "type": "aws_network_interface_attachment",
      "name": "eni_attach_0c05e0c0b2bde50fa",
      "provider": "provider[\"registry.terraform.io/hashicorp/aws\"]",
      "instances": [
        {
          "schema_version": 0,
          "attributes": {
            "attachment_id": "eni-attach-0c05e0c0b2bde50fa",
            "device_index": 0,
            "id": "eni-attach-0c05e0c0b2bde50fa",
            "instance_id": "i-0d34f8cb5602f5857",
            "network_interface_id": "eni-0e9209079fe927383",
            "status": "attached"
          },
          "sensitive_attributes": []
        }
      ]
    },
    {
      "mode": "managed",
      "type": "aws_network_interface_attachment",
      "name": "eni_attach_0c6516091b9988440",
      "provider": "provider[\"registry.terraform.io/hashicorp/aws\"]",
      "instances": [
        {
          "schema_version": 0,
          "attributes": {
            "attachment_id": "eni-attach-0c6516091b9988440",
            "device_index": 0,
            "id": "eni-attach-0c6516091b9988440",
            "instance_id": "i-01c9e4f8de66c969d",
            "network_interface_id": "eni-07f1b51443cee2d4c",
            "status": "attached"
          },
          "sensitive_attributes": []
        }
      ]
    },
    {
      "mode": "managed",
      "type": "aws_network_interface_attachment",
      "name": "eni_attach_0ccfde2e25bd8c8b2",
      "provider": "provider[\"registry.terraform.io/hashicorp/aws\"]",
      "instances": [
        {
          "schema_version": 0,
          "attributes": {
            "attachment_id": "eni-attach-0ccfde2e25bd8c8b2",
            "device_index": 0,
            "id": "eni-attach-0ccfde2e25bd8c8b2",
            "instance_id": "i-0218964c46045b5ed",
            "network_interface_id": "eni-037eeb6be648082b6",
            "status": "attached"
          },
          "sensitive_attributes": []
        }
      ]
    },
    {
      "mode": "managed",
      "type": "aws_network_interface_attachment",
      "name": "eni_attach_0df176ac950630433",
      "provider": "provider[\"registry.terraform.io/hashicorp/aws\"]",
      "instances": [
        {
          "schema_version": 0,
          "attributes": {
            "attachment_id": "eni-attach-0df176ac950630433",
            "device_index": 0,
            "id": "eni-attach-0df176ac950630433",
            "instance_id": "i-09e1671d59f89f16a",
            "network_interface_id": "eni-01adea6004154003c",
            "status": "attached"
          },
          "sensitive_attributes": []
        }
      ]
    },
    {
      "mode": "managed",
      "type": "aws_network_interface_attachment",
      "name": "eni_attach_0e0c454ef8853bd8f",
      "provider": "provider[\"registry.terraform.io/hashicorp/aws\"]",
      "instances": [
        {
          "schema_version": 0,
          "attributes": {
            "attachment_id": "eni-attach-0e0c454ef8853bd8f",
            "device_index": 0,
            "id": "eni-attach-0e0c454ef8853bd8f",
            "instance_id": "i-0e58a853ddfa77b65",
            "network_interface_id": "eni-0bf45040652299717",
            "status": "attached"
          },
          "sensitive_attributes": []
        }
      ]
    },
    {
      "mode": "managed",
      "type": "aws_network_interface_attachment",
      "name": "eni_attach_0e6b2318caaff6c14",
      "provider": "provider[\"registry.terraform.io/hashicorp/aws\"]",
      "instances": [
        {
          "schema_version": 0,
          "attributes": {
            "attachment_id": "eni-attach-0e6b2318caaff6c14",
            "device_index": 0,
            "id": "eni-attach-0e6b2318caaff6c14",
            "instance_id": "i-0af6641d34c6eeb19",
            "network_interface_id": "eni-076545a7bc3c2b8ec",
            "status": "attached"
          },
          "sensitive_attributes": []
        }
      ]
    },
    {
      "mode": "managed",
      "type": "aws_network_interface_attachment",
      "name": "eni_attach_0e6c68f7a7d7996d7",
      "provider": "provider[\"registry.terraform.io/hashicorp/aws\"]",
      "instances": [
        {
          "schema_version": 0,
          "attributes": {
            "attachment_id": "eni-attach-0e6c68f7a7d7996d7",
            "device_index": 0,
            "id": "eni-attach-0e6c68f7a7d7996d7",
            "instance_id": "i-054e9f5b39c2bb58e",
            "network_interface_id": "eni-03f17f56fc8591659",
            "status": "attached"
          },
          "sensitive_attributes": []
        }
      ]
    },
    {
      "mode": "managed",
      "type": "aws_network_interface_attachment",
      "name": "eni_attach_0fddbb3648b14c2a0",
      "provider": "provider[\"registry.terraform.io/hashicorp/aws\"]",
      "instances": [
        {
          "schema_version": 0,
          "attributes": {
            "attachment_id": "eni-attach-0fddbb3648b14c2a0",
            "device_index": 0,
            "id": "eni-attach-0fddbb3648b14c2a0",
            "instance_id": "i-06875baad0bc7be5e",
            "network_interface_id": "eni-07f991884832c6796",
            "status": "attached"
          },
          "sensitive_attributes": []
        }
      ]
    },
    {
      "mode": "managed",
      "type": "aws_network_interface_sg_attachment",
      "name": "eni_00156b746e6de45d5_sg_09ec086d4a18f2267",
      "provider": "provider[\"registry.terraform.io/hashicorp/aws\"]",
      "instances": [
        {
          "schema_version": 0,
          "attributes": {
            "id": "eni-00156b746e6de45d5-sg-09ec086d4a18f2267",
            "network_interface_id": "eni-00156b746e6de45d5",
            "security_group_id": "sg-09ec086d4a18f2267"
          },
          "sensitive_attributes": []
        }
      ]
    },
    {
      "mode": "managed",
      "type": "aws_network_interface_sg_attachment",
      "name": "eni_0027777d65e38ced2_sg_0ce67711c9eb8e894",
      "provider": "provider[\"registry.terraform.io/hashicorp/aws\"]",
      "instances": [
        {
          "schema_version": 0,
          "attributes": {
            "id": "eni-0027777d65e38ced2-sg-0ce67711c9eb8e894",
            "network_interface_id": "eni-0027777d65e38ced2",
            "security_group_id": "sg-0ce67711c9eb8e894"
          },
          "sensitive_attributes": []
        }
      ]
    },
    {
      "mode": "managed",
      "type": "aws_network_interface_sg_attachment",
      "name": "eni_0088f5ef3b59fb271_sg_0a8d1d3a2d1effe5d",
      "provider": "provider[\"registry.terraform.io/hashicorp/aws\"]",
      "instances": [
        {
          "schema_version": 0,
          "attributes": {
            "id": "eni-0088f5ef3b59fb271-sg-0a8d1d3a2d1effe5d",
            "network_interface_id": "eni-0088f5ef3b59fb271",
            "security_group_id": "sg-0a8d1d3a2d1effe5d"
          },
          "sensitive_attributes": []
        }
      ]
    },
    {
      "mode": "managed",
      "type": "aws_network_interface_sg_attachment",
      "name": "eni_00a8f7f7073e71154_sg_081ba48ae3370758b",
      "provider": "provider[\"registry.terraform.io/hashicorp/aws\"]",
      "instances": [
        {
          "schema_version": 0,
          "attributes": {
            "id": "eni-00a8f7f7073e71154-sg-081ba48ae3370758b",
            "network_interface_id": "eni-00a8f7f7073e71154",
            "security_group_id": "sg-081ba48ae3370758b"
          },
          "sensitive_attributes": []
        }
      ]
    },
    {
      "mode": "managed",
      "type": "aws_network_interface_sg_attachment",
      "name": "eni_00b71ce2bd08c3a19_sg_081ba48ae3370758b",
      "provider": "provider[\"registry.terraform.io/hashicorp/aws\"]",
      "instances": [
        {
          "schema_version": 0,
          "attributes": {
            "id": "eni-00b71ce2bd08c3a19-sg-081ba48ae3370758b",
            "network_interface_id": "eni-00b71ce2bd08c3a19",
            "security_group_id": "sg-081ba48ae3370758b"
          },
          "sensitive_attributes": []
        }
      ]
    },
    {
      "mode": "managed",
      "type": "aws_network_interface_sg_attachment",
      "name": "eni_00f1624f4c118bc2f_sg_02b8e9f6f4fa195b6",
      "provider": "provider[\"registry.terraform.io/hashicorp/aws\"]",
      "instances": [
        {
          "schema_version": 0,
          "attributes": {
            "id": "eni-00f1624f4c118bc2f-sg-02b8e9f6f4fa195b6",
            "network_interface_id": "eni-00f1624f4c118bc2f",
            "security_group_id": "sg-02b8e9f6f4fa195b6"
          },
          "sensitive_attributes": []
        }
      ]
    },
    {
      "mode": "managed",
      "type": "aws_network_interface_sg_attachment",
      "name": "eni_01103380198f6cd17_sg_0848e0e98be81d011",
      "provider": "provider[\"registry.terraform.io/hashicorp/aws\"]",
      "instances": [
        {
          "schema_version": 0,
          "attributes": {
            "id": "eni-01103380198f6cd17-sg-0848e0e98be81d011",
            "network_interface_id": "eni-01103380198f6cd17",
            "security_group_id": "sg-0848e0e98be81d011"
          },
          "sensitive_attributes": []
        }
      ]
    },
    {
      "mode": "managed",
      "type": "aws_network_interface_sg_attachment",
      "name": "eni_01555261326f3e7a1_sg_0d25cb1fc58d097e9",
      "provider": "provider[\"registry.terraform.io/hashicorp/aws\"]",
      "instances": [
        {
          "schema_version": 0,
          "attributes": {
            "id": "eni-01555261326f3e7a1-sg-0d25cb1fc58d097e9",
            "network_interface_id": "eni-01555261326f3e7a1",
            "security_group_id": "sg-0d25cb1fc58d097e9"
          },
          "sensitive_attributes": []
        }
      ]
    },
    {
      "mode": "managed",
      "type": "aws_network_interface_sg_attachment",
      "name": "eni_0158c7c2b8c825363_sg_081ba48ae3370758b",
      "provider": "provider[\"registry.terraform.io/hashicorp/aws\"]",
      "instances": [
        {
          "schema_version": 0,
          "attributes": {
            "id": "eni-0158c7c2b8c825363-sg-081ba48ae3370758b",
            "network_interface_id": "eni-0158c7c2b8c825363",
            "security_group_id": "sg-081ba48ae3370758b"
          },
          "sensitive_attributes": []
        }
      ]
    },
    {
      "mode": "managed",
      "type": "aws_network_interface_sg_attachment",
      "name": "eni_0178a28865cd096d7_sg_0d25cb1fc58d097e9",
      "provider": "provider[\"registry.terraform.io/hashicorp/aws\"]",
      "instances": [
        {
          "schema_version": 0,
          "attributes": {
            "id": "eni-0178a28865cd096d7-sg-0d25cb1fc58d097e9",
            "network_interface_id": "eni-0178a28865cd096d7",
            "security_group_id": "sg-0d25cb1fc58d097e9"
          },
          "sensitive_attributes": []
        }
      ]
    },
    {
      "mode": "managed",
      "type": "aws_network_interface_sg_attachment",
      "name": "eni_01adea6004154003c_sg_096a6ba8268eef3f6",
      "provider": "provider[\"registry.terraform.io/hashicorp/aws\"]",
      "instances": [
        {
          "schema_version": 0,
          "attributes": {
            "id": "eni-01adea6004154003c-sg-096a6ba8268eef3f6",
            "network_interface_id": "eni-01adea6004154003c",
            "security_group_id": "sg-096a6ba8268eef3f6"
          },
          "sensitive_attributes": []
        }
      ]
    },
    {
      "mode": "managed",
      "type": "aws_network_interface_sg_attachment",
      "name": "eni_01b2001f9641d8294_sg_0b827258e3f0559d8",
      "provider": "provider[\"registry.terraform.io/hashicorp/aws\"]",
      "instances": [
        {
          "schema_version": 0,
          "attributes": {
            "id": "eni-01b2001f9641d8294-sg-0b827258e3f0559d8",
            "network_interface_id": "eni-01b2001f9641d8294",
            "security_group_id": "sg-0b827258e3f0559d8"
          },
          "sensitive_attributes": []
        }
      ]
    },
    {
      "mode": "managed",
      "type": "aws_network_interface_sg_attachment",
      "name": "eni_01c6e5eedd01a0d77_sg_006b0c4ba4ce0eed7",
      "provider": "provider[\"registry.terraform.io/hashicorp/aws\"]",
      "instances": [
        {
          "schema_version": 0,
          "attributes": {
            "id": "eni-01c6e5eedd01a0d77-sg-006b0c4ba4ce0eed7",
            "network_interface_id": "eni-01c6e5eedd01a0d77",
            "security_group_id": "sg-006b0c4ba4ce0eed7"
          },
          "sensitive_attributes": []
        }
      ]
    },
    {
      "mode": "managed",
      "type": "aws_network_interface_sg_attachment",
      "name": "eni_01d3935cb6f444a6e_sg_0d799b653c4043218",
      "provider": "provider[\"registry.terraform.io/hashicorp/aws\"]",
      "instances": [
        {
          "schema_version": 0,
          "attributes": {
            "id": "eni-01d3935cb6f444a6e-sg-0d799b653c4043218",
            "network_interface_id": "eni-01d3935cb6f444a6e",
            "security_group_id": "sg-0d799b653c4043218"
          },
          "sensitive_attributes": []
        }
      ]
    },
    {
      "mode": "managed",
      "type": "aws_network_interface_sg_attachment",
      "name": "eni_01ef0c5e21b5c60d0_sg_0ab678abfaabcacf3",
      "provider": "provider[\"registry.terraform.io/hashicorp/aws\"]",
      "instances": [
        {
          "schema_version": 0,
          "attributes": {
            "id": "eni-01ef0c5e21b5c60d0-sg-0ab678abfaabcacf3",
            "network_interface_id": "eni-01ef0c5e21b5c60d0",
            "security_group_id": "sg-0ab678abfaabcacf3"
          },
          "sensitive_attributes": []
        }
      ]
    },
    {
      "mode": "managed",
      "type": "aws_network_interface_sg_attachment",
      "name": "eni_01ffb564eac20c693_sg_0b827258e3f0559d8",
      "provider": "provider[\"registry.terraform.io/hashicorp/aws\"]",
      "instances": [
        {
          "schema_version": 0,
          "attributes": {
            "id": "eni-01ffb564eac20c693-sg-0b827258e3f0559d8",
            "network_interface_id": "eni-01ffb564eac20c693",
            "security_group_id": "sg-0b827258e3f0559d8"
          },
          "sensitive_attributes": []
        }
      ]
    },
    {
      "mode": "managed",
      "type": "aws_network_interface_sg_attachment",
      "name": "eni_0296eee65209948e3_sg_05da8fce7414d294c",
      "provider": "provider[\"registry.terraform.io/hashicorp/aws\"]",
      "instances": [
        {
          "schema_version": 0,
          "attributes": {
            "id": "eni-0296eee65209948e3-sg-05da8fce7414d294c",
            "network_interface_id": "eni-0296eee65209948e3",
            "security_group_id": "sg-05da8fce7414d294c"
          },
          "sensitive_attributes": []
        }
      ]
    },
    {
      "mode": "managed",
      "type": "aws_network_interface_sg_attachment",
      "name": "eni_02a6e66345799e244_sg_006b0c4ba4ce0eed7",
      "provider": "provider[\"registry.terraform.io/hashicorp/aws\"]",
      "instances": [
        {
          "schema_version": 0,
          "attributes": {
            "id": "eni-02a6e66345799e244-sg-006b0c4ba4ce0eed7",
            "network_interface_id": "eni-02a6e66345799e244",
            "security_group_id": "sg-006b0c4ba4ce0eed7"
          },
          "sensitive_attributes": []
        }
      ]
    },
    {
      "mode": "managed",
      "type": "aws_network_interface_sg_attachment",
      "name": "eni_02c8e8b016c7041d9_sg_0e3da0334f6f1024d",
      "provider": "provider[\"registry.terraform.io/hashicorp/aws\"]",
      "instances": [
        {
          "schema_version": 0,
          "attributes": {
            "id": "eni-02c8e8b016c7041d9-sg-0e3da0334f6f1024d",
            "network_interface_id": "eni-02c8e8b016c7041d9",
            "security_group_id": "sg-0e3da0334f6f1024d"
          },
          "sensitive_attributes": []
        }
      ]
    },
    {
      "mode": "managed",
      "type": "aws_network_interface_sg_attachment",
      "name": "eni_02cafd12a28c4aba7_sg_09655a5d35c96b651",
      "provider": "provider[\"registry.terraform.io/hashicorp/aws\"]",
      "instances": [
        {
          "schema_version": 0,
          "attributes": {
            "id": "eni-02cafd12a28c4aba7-sg-09655a5d35c96b651",
            "network_interface_id": "eni-02cafd12a28c4aba7",
            "security_group_id": "sg-09655a5d35c96b651"
          },
          "sensitive_attributes": []
        }
      ]
    },
    {
      "mode": "managed",
      "type": "aws_network_interface_sg_attachment",
      "name": "eni_02d82443ae6327f9f_sg_0c57e293d12c4ba08",
      "provider": "provider[\"registry.terraform.io/hashicorp/aws\"]",
      "instances": [
        {
          "schema_version": 0,
          "attributes": {
            "id": "eni-02d82443ae6327f9f-sg-0c57e293d12c4ba08",
            "network_interface_id": "eni-02d82443ae6327f9f",
            "security_group_id": "sg-0c57e293d12c4ba08"
          },
          "sensitive_attributes": []
        }
      ]
    },
    {
      "mode": "managed",
      "type": "aws_network_interface_sg_attachment",
      "name": "eni_02e41ea436adbd7f1_sg_00e4e569f9e6920de",
      "provider": "provider[\"registry.terraform.io/hashicorp/aws\"]",
      "instances": [
        {
          "schema_version": 0,
          "attributes": {
            "id": "eni-02e41ea436adbd7f1-sg-00e4e569f9e6920de",
            "network_interface_id": "eni-02e41ea436adbd7f1",
            "security_group_id": "sg-00e4e569f9e6920de"
          },
          "sensitive_attributes": []
        }
      ]
    },
    {
      "mode": "managed",
      "type": "aws_network_interface_sg_attachment",
      "name": "eni_031edba57a140755f_sg_05da8fce7414d294c",
      "provider": "provider[\"registry.terraform.io/hashicorp/aws\"]",
      "instances": [
        {
          "schema_version": 0,
          "attributes": {
            "id": "eni-031edba57a140755f-sg-05da8fce7414d294c",
            "network_interface_id": "eni-031edba57a140755f",
            "security_group_id": "sg-05da8fce7414d294c"
          },
          "sensitive_attributes": []
        }
      ]
    },
    {
      "mode": "managed",
      "type": "aws_network_interface_sg_attachment",
      "name": "eni_032278d878fc0bde4_sg_00e4e569f9e6920de",
      "provider": "provider[\"registry.terraform.io/hashicorp/aws\"]",
      "instances": [
        {
          "schema_version": 0,
          "attributes": {
            "id": "eni-032278d878fc0bde4-sg-00e4e569f9e6920de",
            "network_interface_id": "eni-032278d878fc0bde4",
            "security_group_id": "sg-00e4e569f9e6920de"
          },
          "sensitive_attributes": []
        }
      ]
    },
    {
      "mode": "managed",
      "type": "aws_network_interface_sg_attachment",
      "name": "eni_037eeb6be648082b6_sg_0c1125388a56a7f34",
      "provider": "provider[\"registry.terraform.io/hashicorp/aws\"]",
      "instances": [
        {
          "schema_version": 0,
          "attributes": {
            "id": "eni-037eeb6be648082b6-sg-0c1125388a56a7f34",
            "network_interface_id": "eni-037eeb6be648082b6",
            "security_group_id": "sg-0c1125388a56a7f34"
          },
          "sensitive_attributes": []
        }
      ]
    },
    {
      "mode": "managed",
      "type": "aws_network_interface_sg_attachment",
      "name": "eni_03969871f6b5dd0e2_sg_026b3cb094746c939",
      "provider": "provider[\"registry.terraform.io/hashicorp/aws\"]",
      "instances": [
        {
          "schema_version": 0,
          "attributes": {
            "id": "eni-03969871f6b5dd0e2-sg-026b3cb094746c939",
            "network_interface_id": "eni-03969871f6b5dd0e2",
            "security_group_id": "sg-026b3cb094746c939"
          },
          "sensitive_attributes": []
        }
      ]
    },
    {
      "mode": "managed",
      "type": "aws_network_interface_sg_attachment",
      "name": "eni_03e0ae2447d23ba54_sg_0ab678abfaabcacf3",
      "provider": "provider[\"registry.terraform.io/hashicorp/aws\"]",
      "instances": [
        {
          "schema_version": 0,
          "attributes": {
            "id": "eni-03e0ae2447d23ba54-sg-0ab678abfaabcacf3",
            "network_interface_id": "eni-03e0ae2447d23ba54",
            "security_group_id": "sg-0ab678abfaabcacf3"
          },
          "sensitive_attributes": []
        }
      ]
    },
    {
      "mode": "managed",
      "type": "aws_network_interface_sg_attachment",
      "name": "eni_03e33fa183b7d0b10_sg_0848e0e98be81d011",
      "provider": "provider[\"registry.terraform.io/hashicorp/aws\"]",
      "instances": [
        {
          "schema_version": 0,
          "attributes": {
            "id": "eni-03e33fa183b7d0b10-sg-0848e0e98be81d011",
            "network_interface_id": "eni-03e33fa183b7d0b10",
            "security_group_id": "sg-0848e0e98be81d011"
          },
          "sensitive_attributes": []
        }
      ]
    },
    {
      "mode": "managed",
      "type": "aws_network_interface_sg_attachment",
      "name": "eni_03f17f56fc8591659_sg_0615d31b0d6d092d3",
      "provider": "provider[\"registry.terraform.io/hashicorp/aws\"]",
      "instances": [
        {
          "schema_version": 0,
          "attributes": {
            "id": "eni-03f17f56fc8591659-sg-0615d31b0d6d092d3",
            "network_interface_id": "eni-03f17f56fc8591659",
            "security_group_id": "sg-0615d31b0d6d092d3"
          },
          "sensitive_attributes": []
        }
      ]
    },
    {
      "mode": "managed",
      "type": "aws_network_interface_sg_attachment",
      "name": "eni_04461607c3bb6893c_sg_01c091d8d9e740817",
      "provider": "provider[\"registry.terraform.io/hashicorp/aws\"]",
      "instances": [
        {
          "schema_version": 0,
          "attributes": {
            "id": "eni-04461607c3bb6893c-sg-01c091d8d9e740817",
            "network_interface_id": "eni-04461607c3bb6893c",
            "security_group_id": "sg-01c091d8d9e740817"
          },
          "sensitive_attributes": []
        }
      ]
    },
    {
      "mode": "managed",
      "type": "aws_network_interface_sg_attachment",
      "name": "eni_0455b94ce551f4920_sg_09655a5d35c96b651",
      "provider": "provider[\"registry.terraform.io/hashicorp/aws\"]",
      "instances": [
        {
          "schema_version": 0,
          "attributes": {
            "id": "eni-0455b94ce551f4920-sg-09655a5d35c96b651",
            "network_interface_id": "eni-0455b94ce551f4920",
            "security_group_id": "sg-09655a5d35c96b651"
          },
          "sensitive_attributes": []
        }
      ]
    },
    {
      "mode": "managed",
      "type": "aws_network_interface_sg_attachment",
      "name": "eni_047eba19851353a52_sg_0e07dcad269bc9148",
      "provider": "provider[\"registry.terraform.io/hashicorp/aws\"]",
      "instances": [
        {
          "schema_version": 0,
          "attributes": {
            "id": "eni-047eba19851353a52-sg-0e07dcad269bc9148",
            "network_interface_id": "eni-047eba19851353a52",
            "security_group_id": "sg-0e07dcad269bc9148"
          },
          "sensitive_attributes": []
        }
      ]
    },
    {
      "mode": "managed",
      "type": "aws_network_interface_sg_attachment",
      "name": "eni_04bec1eb62c1cd8f0_sg_09655a5d35c96b651",
      "provider": "provider[\"registry.terraform.io/hashicorp/aws\"]",
      "instances": [
        {
          "schema_version": 0,
          "attributes": {
            "id": "eni-04bec1eb62c1cd8f0-sg-09655a5d35c96b651",
            "network_interface_id": "eni-04bec1eb62c1cd8f0",
            "security_group_id": "sg-09655a5d35c96b651"
          },
          "sensitive_attributes": []
        }
      ]
    },
    {
      "mode": "managed",
      "type": "aws_network_interface_sg_attachment",
      "name": "eni_04dad6a8d52a17978_sg_0b0eed2b18edcbfaa",
      "provider": "provider[\"registry.terraform.io/hashicorp/aws\"]",
      "instances": [
        {
          "schema_version": 0,
          "attributes": {
            "id": "eni-04dad6a8d52a17978-sg-0b0eed2b18edcbfaa",
            "network_interface_id": "eni-04dad6a8d52a17978",
            "security_group_id": "sg-0b0eed2b18edcbfaa"
          },
          "sensitive_attributes": []
        }
      ]
    },
    {
      "mode": "managed",
      "type": "aws_network_interface_sg_attachment",
      "name": "eni_05235bfcc36389814_sg_05b689cdd90002026",
      "provider": "provider[\"registry.terraform.io/hashicorp/aws\"]",
      "instances": [
        {
          "schema_version": 0,
          "attributes": {
            "id": "eni-05235bfcc36389814-sg-05b689cdd90002026",
            "network_interface_id": "eni-05235bfcc36389814",
            "security_group_id": "sg-05b689cdd90002026"
          },
          "sensitive_attributes": []
        }
      ]
    },
    {
      "mode": "managed",
      "type": "aws_network_interface_sg_attachment",
      "name": "eni_054c057d192e04180_sg_0848e0e98be81d011",
      "provider": "provider[\"registry.terraform.io/hashicorp/aws\"]",
      "instances": [
        {
          "schema_version": 0,
          "attributes": {
            "id": "eni-054c057d192e04180-sg-0848e0e98be81d011",
            "network_interface_id": "eni-054c057d192e04180",
            "security_group_id": "sg-0848e0e98be81d011"
          },
          "sensitive_attributes": []
        }
      ]
    },
    {
      "mode": "managed",
      "type": "aws_network_interface_sg_attachment",
      "name": "eni_056e69005124e2a3a_sg_034a6ff43d0aa2770",
      "provider": "provider[\"registry.terraform.io/hashicorp/aws\"]",
      "instances": [
        {
          "schema_version": 0,
          "attributes": {
            "id": "eni-056e69005124e2a3a-sg-034a6ff43d0aa2770",
            "network_interface_id": "eni-056e69005124e2a3a",
            "security_group_id": "sg-034a6ff43d0aa2770"
          },
          "sensitive_attributes": []
        }
      ]
    },
    {
      "mode": "managed",
      "type": "aws_network_interface_sg_attachment",
      "name": "eni_05fb3904d6f17418d_sg_07f009cc182a06a04",
      "provider": "provider[\"registry.terraform.io/hashicorp/aws\"]",
      "instances": [
        {
          "schema_version": 0,
          "attributes": {
            "id": "eni-05fb3904d6f17418d-sg-07f009cc182a06a04",
            "network_interface_id": "eni-05fb3904d6f17418d",
            "security_group_id": "sg-07f009cc182a06a04"
          },
          "sensitive_attributes": []
        }
      ]
    },
    {
      "mode": "managed",
      "type": "aws_network_interface_sg_attachment",
      "name": "eni_05fe8827ce68f5671_sg_01c091d8d9e740817",
      "provider": "provider[\"registry.terraform.io/hashicorp/aws\"]",
      "instances": [
        {
          "schema_version": 0,
          "attributes": {
            "id": "eni-05fe8827ce68f5671-sg-01c091d8d9e740817",
            "network_interface_id": "eni-05fe8827ce68f5671",
            "security_group_id": "sg-01c091d8d9e740817"
          },
          "sensitive_attributes": []
        }
      ]
    },
    {
      "mode": "managed",
      "type": "aws_network_interface_sg_attachment",
      "name": "eni_060eaa337e306eb93_sg_0d25cb1fc58d097e9",
      "provider": "provider[\"registry.terraform.io/hashicorp/aws\"]",
      "instances": [
        {
          "schema_version": 0,
          "attributes": {
            "id": "eni-060eaa337e306eb93-sg-0d25cb1fc58d097e9",
            "network_interface_id": "eni-060eaa337e306eb93",
            "security_group_id": "sg-0d25cb1fc58d097e9"
          },
          "sensitive_attributes": []
        }
      ]
    },
    {
      "mode": "managed",
      "type": "aws_network_interface_sg_attachment",
      "name": "eni_06dcbe9004aad0faf_sg_09655a5d35c96b651",
      "provider": "provider[\"registry.terraform.io/hashicorp/aws\"]",
      "instances": [
        {
          "schema_version": 0,
          "attributes": {
            "id": "eni-06dcbe9004aad0faf-sg-09655a5d35c96b651",
            "network_interface_id": "eni-06dcbe9004aad0faf",
            "security_group_id": "sg-09655a5d35c96b651"
          },
          "sensitive_attributes": []
        }
      ]
    },
    {
      "mode": "managed",
      "type": "aws_network_interface_sg_attachment",
      "name": "eni_06fac7d3b987d35a6_sg_0d25cb1fc58d097e9",
      "provider": "provider[\"registry.terraform.io/hashicorp/aws\"]",
      "instances": [
        {
          "schema_version": 0,
          "attributes": {
            "id": "eni-06fac7d3b987d35a6-sg-0d25cb1fc58d097e9",
            "network_interface_id": "eni-06fac7d3b987d35a6",
            "security_group_id": "sg-0d25cb1fc58d097e9"
          },
          "sensitive_attributes": []
        }
      ]
    },
    {
      "mode": "managed",
      "type": "aws_network_interface_sg_attachment",
      "name": "eni_074cc9d284998b1ef_sg_096a6ba8268eef3f6",
      "provider": "provider[\"registry.terraform.io/hashicorp/aws\"]",
      "instances": [
        {
          "schema_version": 0,
          "attributes": {
            "id": "eni-074cc9d284998b1ef-sg-096a6ba8268eef3f6",
            "network_interface_id": "eni-074cc9d284998b1ef",
            "security_group_id": "sg-096a6ba8268eef3f6"
          },
          "sensitive_attributes": []
        }
      ]
    },
    {
      "mode": "managed",
      "type": "aws_network_interface_sg_attachment",
      "name": "eni_076545a7bc3c2b8ec_sg_096a6ba8268eef3f6",
      "provider": "provider[\"registry.terraform.io/hashicorp/aws\"]",
      "instances": [
        {
          "schema_version": 0,
          "attributes": {
            "id": "eni-076545a7bc3c2b8ec-sg-096a6ba8268eef3f6",
            "network_interface_id": "eni-076545a7bc3c2b8ec",
            "security_group_id": "sg-096a6ba8268eef3f6"
          },
          "sensitive_attributes": []
        }
      ]
    },
    {
      "mode": "managed",
      "type": "aws_network_interface_sg_attachment",
      "name": "eni_0768e9d51e965bcbe_sg_081ba48ae3370758b",
      "provider": "provider[\"registry.terraform.io/hashicorp/aws\"]",
      "instances": [
        {
          "schema_version": 0,
          "attributes": {
            "id": "eni-0768e9d51e965bcbe-sg-081ba48ae3370758b",
            "network_interface_id": "eni-0768e9d51e965bcbe",
            "security_group_id": "sg-081ba48ae3370758b"
          },
          "sensitive_attributes": []
        }
      ]
    },
    {
      "mode": "managed",
      "type": "aws_network_interface_sg_attachment",
      "name": "eni_07c7b263194faa123_sg_02b8e9f6f4fa195b6",
      "provider": "provider[\"registry.terraform.io/hashicorp/aws\"]",
      "instances": [
        {
          "schema_version": 0,
          "attributes": {
            "id": "eni-07c7b263194faa123-sg-02b8e9f6f4fa195b6",
            "network_interface_id": "eni-07c7b263194faa123",
            "security_group_id": "sg-02b8e9f6f4fa195b6"
          },
          "sensitive_attributes": []
        }
      ]
    },
    {
      "mode": "managed",
      "type": "aws_network_interface_sg_attachment",
      "name": "eni_07f1b51443cee2d4c_sg_0296b2368533e84a8",
      "provider": "provider[\"registry.terraform.io/hashicorp/aws\"]",
      "instances": [
        {
          "schema_version": 0,
          "attributes": {
            "id": "eni-07f1b51443cee2d4c-sg-0296b2368533e84a8",
            "network_interface_id": "eni-07f1b51443cee2d4c",
            "security_group_id": "sg-0296b2368533e84a8"
          },
          "sensitive_attributes": []
        }
      ]
    },
    {
      "mode": "managed",
      "type": "aws_network_interface_sg_attachment",
      "name": "eni_07f991884832c6796_sg_085eb8e3a0fba2f92",
      "provider": "provider[\"registry.terraform.io/hashicorp/aws\"]",
      "instances": [
        {
          "schema_version": 0,
          "attributes": {
            "id": "eni-07f991884832c6796-sg-085eb8e3a0fba2f92",
            "network_interface_id": "eni-07f991884832c6796",
            "security_group_id": "sg-085eb8e3a0fba2f92"
          },
          "sensitive_attributes": []
        }
      ]
    },
    {
      "mode": "managed",
      "type": "aws_network_interface_sg_attachment",
      "name": "eni_080ef872f8af74df5_sg_03769d92c81a37e14",
      "provider": "provider[\"registry.terraform.io/hashicorp/aws\"]",
      "instances": [
        {
          "schema_version": 0,
          "attributes": {
            "id": "eni-080ef872f8af74df5-sg-03769d92c81a37e14",
            "network_interface_id": "eni-080ef872f8af74df5",
            "security_group_id": "sg-03769d92c81a37e14"
          },
          "sensitive_attributes": []
        }
      ]
    },
    {
      "mode": "managed",
      "type": "aws_network_interface_sg_attachment",
      "name": "eni_08102f9664fc2257a_sg_0b0eed2b18edcbfaa",
      "provider": "provider[\"registry.terraform.io/hashicorp/aws\"]",
      "instances": [
        {
          "schema_version": 0,
          "attributes": {
            "id": "eni-08102f9664fc2257a-sg-0b0eed2b18edcbfaa",
            "network_interface_id": "eni-08102f9664fc2257a",
            "security_group_id": "sg-0b0eed2b18edcbfaa"
          },
          "sensitive_attributes": []
        }
      ]
    },
    {
      "mode": "managed",
      "type": "aws_network_interface_sg_attachment",
      "name": "eni_081b57d6dd2d34e72_sg_0b0eed2b18edcbfaa",
      "provider": "provider[\"registry.terraform.io/hashicorp/aws\"]",
      "instances": [
        {
          "schema_version": 0,
          "attributes": {
            "id": "eni-081b57d6dd2d34e72-sg-0b0eed2b18edcbfaa",
            "network_interface_id": "eni-081b57d6dd2d34e72",
            "security_group_id": "sg-0b0eed2b18edcbfaa"
          },
          "sensitive_attributes": []
        }
      ]
    },
    {
      "mode": "managed",
      "type": "aws_network_interface_sg_attachment",
      "name": "eni_0834bbe84a86959ee_sg_0e07dcad269bc9148",
      "provider": "provider[\"registry.terraform.io/hashicorp/aws\"]",
      "instances": [
        {
          "schema_version": 0,
          "attributes": {
            "id": "eni-0834bbe84a86959ee-sg-0e07dcad269bc9148",
            "network_interface_id": "eni-0834bbe84a86959ee",
            "security_group_id": "sg-0e07dcad269bc9148"
          },
          "sensitive_attributes": []
        }
      ]
    },
    {
      "mode": "managed",
      "type": "aws_network_interface_sg_attachment",
      "name": "eni_087ee000faea59d21_sg_0e3e058433a4793a7",
      "provider": "provider[\"registry.terraform.io/hashicorp/aws\"]",
      "instances": [
        {
          "schema_version": 0,
          "attributes": {
            "id": "eni-087ee000faea59d21-sg-0e3e058433a4793a7",
            "network_interface_id": "eni-087ee000faea59d21",
            "security_group_id": "sg-0e3e058433a4793a7"
          },
          "sensitive_attributes": []
        }
      ]
    },
    {
      "mode": "managed",
      "type": "aws_network_interface_sg_attachment",
      "name": "eni_087f1f659a60cfed6_sg_0b0eed2b18edcbfaa",
      "provider": "provider[\"registry.terraform.io/hashicorp/aws\"]",
      "instances": [
        {
          "schema_version": 0,
          "attributes": {
            "id": "eni-087f1f659a60cfed6-sg-0b0eed2b18edcbfaa",
            "network_interface_id": "eni-087f1f659a60cfed6",
            "security_group_id": "sg-0b0eed2b18edcbfaa"
          },
          "sensitive_attributes": []
        }
      ]
    },
    {
      "mode": "managed",
      "type": "aws_network_interface_sg_attachment",
      "name": "eni_09173259b872b37e3_sg_09ec086d4a18f2267",
      "provider": "provider[\"registry.terraform.io/hashicorp/aws\"]",
      "instances": [
        {
          "schema_version": 0,
          "attributes": {
            "id": "eni-09173259b872b37e3-sg-09ec086d4a18f2267",
            "network_interface_id": "eni-09173259b872b37e3",
            "security_group_id": "sg-09ec086d4a18f2267"
          },
          "sensitive_attributes": []
        }
      ]
    },
    {
      "mode": "managed",
      "type": "aws_network_interface_sg_attachment",
      "name": "eni_093acbf8d06793251_sg_02b8e9f6f4fa195b6",
      "provider": "provider[\"registry.terraform.io/hashicorp/aws\"]",
      "instances": [
        {
          "schema_version": 0,
          "attributes": {
            "id": "eni-093acbf8d06793251-sg-02b8e9f6f4fa195b6",
            "network_interface_id": "eni-093acbf8d06793251",
            "security_group_id": "sg-02b8e9f6f4fa195b6"
          },
          "sensitive_attributes": []
        }
      ]
    },
    {
      "mode": "managed",
      "type": "aws_network_interface_sg_attachment",
      "name": "eni_09485f02fe16a3fed_sg_057a681c0afce6d70",
      "provider": "provider[\"registry.terraform.io/hashicorp/aws\"]",
      "instances": [
        {
          "schema_version": 0,
          "attributes": {
            "id": "eni-09485f02fe16a3fed-sg-057a681c0afce6d70",
            "network_interface_id": "eni-09485f02fe16a3fed",
            "security_group_id": "sg-057a681c0afce6d70"
          },
          "sensitive_attributes": []
        }
      ]
    },
    {
      "mode": "managed",
      "type": "aws_network_interface_sg_attachment",
      "name": "eni_096dd125cf911b1a5_sg_09655a5d35c96b651",
      "provider": "provider[\"registry.terraform.io/hashicorp/aws\"]",
      "instances": [
        {
          "schema_version": 0,
          "attributes": {
            "id": "eni-096dd125cf911b1a5-sg-09655a5d35c96b651",
            "network_interface_id": "eni-096dd125cf911b1a5",
            "security_group_id": "sg-09655a5d35c96b651"
          },
          "sensitive_attributes": []
        }
      ]
    },
    {
      "mode": "managed",
      "type": "aws_network_interface_sg_attachment",
      "name": "eni_09867869f85097e34_sg_0b827258e3f0559d8",
      "provider": "provider[\"registry.terraform.io/hashicorp/aws\"]",
      "instances": [
        {
          "schema_version": 0,
          "attributes": {
            "id": "eni-09867869f85097e34-sg-0b827258e3f0559d8",
            "network_interface_id": "eni-09867869f85097e34",
            "security_group_id": "sg-0b827258e3f0559d8"
          },
          "sensitive_attributes": []
        }
      ]
    },
    {
      "mode": "managed",
      "type": "aws_network_interface_sg_attachment",
      "name": "eni_098ca6eef46cc49f3_sg_0d25cb1fc58d097e9",
      "provider": "provider[\"registry.terraform.io/hashicorp/aws\"]",
      "instances": [
        {
          "schema_version": 0,
          "attributes": {
            "id": "eni-098ca6eef46cc49f3-sg-0d25cb1fc58d097e9",
            "network_interface_id": "eni-098ca6eef46cc49f3",
            "security_group_id": "sg-0d25cb1fc58d097e9"
          },
          "sensitive_attributes": []
        }
      ]
    },
    {
      "mode": "managed",
      "type": "aws_network_interface_sg_attachment",
      "name": "eni_09c5ee322dc99c537_sg_08a68e02fea2591df",
      "provider": "provider[\"registry.terraform.io/hashicorp/aws\"]",
      "instances": [
        {
          "schema_version": 0,
          "attributes": {
            "id": "eni-09c5ee322dc99c537-sg-08a68e02fea2591df",
            "network_interface_id": "eni-09c5ee322dc99c537",
            "security_group_id": "sg-08a68e02fea2591df"
          },
          "sensitive_attributes": []
        }
      ]
    },
    {
      "mode": "managed",
      "type": "aws_network_interface_sg_attachment",
      "name": "eni_09eeb36f80d5bd5c9_sg_09655a5d35c96b651",
      "provider": "provider[\"registry.terraform.io/hashicorp/aws\"]",
      "instances": [
        {
          "schema_version": 0,
          "attributes": {
            "id": "eni-09eeb36f80d5bd5c9-sg-09655a5d35c96b651",
            "network_interface_id": "eni-09eeb36f80d5bd5c9",
            "security_group_id": "sg-09655a5d35c96b651"
          },
          "sensitive_attributes": []
        }
      ]
    },
    {
      "mode": "managed",
      "type": "aws_network_interface_sg_attachment",
      "name": "eni_09f85ea46aa06435d_sg_0cb65ab88426db217",
      "provider": "provider[\"registry.terraform.io/hashicorp/aws\"]",
      "instances": [
        {
          "schema_version": 0,
          "attributes": {
            "id": "eni-09f85ea46aa06435d-sg-0cb65ab88426db217",
            "network_interface_id": "eni-09f85ea46aa06435d",
            "security_group_id": "sg-0cb65ab88426db217"
          },
          "sensitive_attributes": []
        }
      ]
    },
    {
      "mode": "managed",
      "type": "aws_network_interface_sg_attachment",
      "name": "eni_0a66b8e7aba2ca1c4_sg_09ec086d4a18f2267",
      "provider": "provider[\"registry.terraform.io/hashicorp/aws\"]",
      "instances": [
        {
          "schema_version": 0,
          "attributes": {
            "id": "eni-0a66b8e7aba2ca1c4-sg-09ec086d4a18f2267",
            "network_interface_id": "eni-0a66b8e7aba2ca1c4",
            "security_group_id": "sg-09ec086d4a18f2267"
          },
          "sensitive_attributes": []
        }
      ]
    },
    {
      "mode": "managed",
      "type": "aws_network_interface_sg_attachment",
      "name": "eni_0aa0af140f5d3d18c_sg_096a6ba8268eef3f6",
      "provider": "provider[\"registry.terraform.io/hashicorp/aws\"]",
      "instances": [
        {
          "schema_version": 0,
          "attributes": {
            "id": "eni-0aa0af140f5d3d18c-sg-096a6ba8268eef3f6",
            "network_interface_id": "eni-0aa0af140f5d3d18c",
            "security_group_id": "sg-096a6ba8268eef3f6"
          },
          "sensitive_attributes": []
        }
      ]
    },
    {
      "mode": "managed",
      "type": "aws_network_interface_sg_attachment",
      "name": "eni_0ac15067e417d8bbb_sg_09655a5d35c96b651",
      "provider": "provider[\"registry.terraform.io/hashicorp/aws\"]",
      "instances": [
        {
          "schema_version": 0,
          "attributes": {
            "id": "eni-0ac15067e417d8bbb-sg-09655a5d35c96b651",
            "network_interface_id": "eni-0ac15067e417d8bbb",
            "security_group_id": "sg-09655a5d35c96b651"
          },
          "sensitive_attributes": []
        }
      ]
    },
    {
      "mode": "managed",
      "type": "aws_network_interface_sg_attachment",
      "name": "eni_0ae08bef558f0d4fa_sg_07f009cc182a06a04",
      "provider": "provider[\"registry.terraform.io/hashicorp/aws\"]",
      "instances": [
        {
          "schema_version": 0,
          "attributes": {
            "id": "eni-0ae08bef558f0d4fa-sg-07f009cc182a06a04",
            "network_interface_id": "eni-0ae08bef558f0d4fa",
            "security_group_id": "sg-07f009cc182a06a04"
          },
          "sensitive_attributes": []
        }
      ]
    },
    {
      "mode": "managed",
      "type": "aws_network_interface_sg_attachment",
      "name": "eni_0af7c7e2b01a3a5a9_sg_00980b7da446e1fe7",
      "provider": "provider[\"registry.terraform.io/hashicorp/aws\"]",
      "instances": [
        {
          "schema_version": 0,
          "attributes": {
            "id": "eni-0af7c7e2b01a3a5a9-sg-00980b7da446e1fe7",
            "network_interface_id": "eni-0af7c7e2b01a3a5a9",
            "security_group_id": "sg-00980b7da446e1fe7"
          },
          "sensitive_attributes": []
        }
      ]
    },
    {
      "mode": "managed",
      "type": "aws_network_interface_sg_attachment",
      "name": "eni_0b05188a36403cab8_sg_0e07dcad269bc9148",
      "provider": "provider[\"registry.terraform.io/hashicorp/aws\"]",
      "instances": [
        {
          "schema_version": 0,
          "attributes": {
            "id": "eni-0b05188a36403cab8-sg-0e07dcad269bc9148",
            "network_interface_id": "eni-0b05188a36403cab8",
            "security_group_id": "sg-0e07dcad269bc9148"
          },
          "sensitive_attributes": []
        }
      ]
    },
    {
      "mode": "managed",
      "type": "aws_network_interface_sg_attachment",
      "name": "eni_0b0ec178c169d18d2_sg_0ab678abfaabcacf3",
      "provider": "provider[\"registry.terraform.io/hashicorp/aws\"]",
      "instances": [
        {
          "schema_version": 0,
          "attributes": {
            "id": "eni-0b0ec178c169d18d2-sg-0ab678abfaabcacf3",
            "network_interface_id": "eni-0b0ec178c169d18d2",
            "security_group_id": "sg-0ab678abfaabcacf3"
          },
          "sensitive_attributes": []
        }
      ]
    },
    {
      "mode": "managed",
      "type": "aws_network_interface_sg_attachment",
      "name": "eni_0b926b13a94a426ac_sg_03769d92c81a37e14",
      "provider": "provider[\"registry.terraform.io/hashicorp/aws\"]",
      "instances": [
        {
          "schema_version": 0,
          "attributes": {
            "id": "eni-0b926b13a94a426ac-sg-03769d92c81a37e14",
            "network_interface_id": "eni-0b926b13a94a426ac",
            "security_group_id": "sg-03769d92c81a37e14"
          },
          "sensitive_attributes": []
        }
      ]
    },
    {
      "mode": "managed",
      "type": "aws_network_interface_sg_attachment",
      "name": "eni_0bed7fe4d3caabc9c_sg_05b689cdd90002026",
      "provider": "provider[\"registry.terraform.io/hashicorp/aws\"]",
      "instances": [
        {
          "schema_version": 0,
          "attributes": {
            "id": "eni-0bed7fe4d3caabc9c-sg-05b689cdd90002026",
            "network_interface_id": "eni-0bed7fe4d3caabc9c",
            "security_group_id": "sg-05b689cdd90002026"
          },
          "sensitive_attributes": []
        }
      ]
    },
    {
      "mode": "managed",
      "type": "aws_network_interface_sg_attachment",
      "name": "eni_0bf45040652299717_sg_0f5539d3e349bae63",
      "provider": "provider[\"registry.terraform.io/hashicorp/aws\"]",
      "instances": [
        {
          "schema_version": 0,
          "attributes": {
            "id": "eni-0bf45040652299717-sg-0f5539d3e349bae63",
            "network_interface_id": "eni-0bf45040652299717",
            "security_group_id": "sg-0f5539d3e349bae63"
          },
          "sensitive_attributes": []
        }
      ]
    },
    {
      "mode": "managed",
      "type": "aws_network_interface_sg_attachment",
      "name": "eni_0c24bcf5b06d1e365_sg_006b0c4ba4ce0eed7",
      "provider": "provider[\"registry.terraform.io/hashicorp/aws\"]",
      "instances": [
        {
          "schema_version": 0,
          "attributes": {
            "id": "eni-0c24bcf5b06d1e365-sg-006b0c4ba4ce0eed7",
            "network_interface_id": "eni-0c24bcf5b06d1e365",
            "security_group_id": "sg-006b0c4ba4ce0eed7"
          },
          "sensitive_attributes": []
        }
      ]
    },
    {
      "mode": "managed",
      "type": "aws_network_interface_sg_attachment",
      "name": "eni_0c2ae7d56245e0829_sg_057a681c0afce6d70",
      "provider": "provider[\"registry.terraform.io/hashicorp/aws\"]",
      "instances": [
        {
          "schema_version": 0,
          "attributes": {
            "id": "eni-0c2ae7d56245e0829-sg-057a681c0afce6d70",
            "network_interface_id": "eni-0c2ae7d56245e0829",
            "security_group_id": "sg-057a681c0afce6d70"
          },
          "sensitive_attributes": []
        }
      ]
    },
    {
      "mode": "managed",
      "type": "aws_network_interface_sg_attachment",
      "name": "eni_0c9f8f364bbd31821_sg_0b0eed2b18edcbfaa",
      "provider": "provider[\"registry.terraform.io/hashicorp/aws\"]",
      "instances": [
        {
          "schema_version": 0,
          "attributes": {
            "id": "eni-0c9f8f364bbd31821-sg-0b0eed2b18edcbfaa",
            "network_interface_id": "eni-0c9f8f364bbd31821",
            "security_group_id": "sg-0b0eed2b18edcbfaa"
          },
          "sensitive_attributes": []
        }
      ]
    },
    {
      "mode": "managed",
      "type": "aws_network_interface_sg_attachment",
      "name": "eni_0cceae62b1e17e68e_sg_09655a5d35c96b651",
      "provider": "provider[\"registry.terraform.io/hashicorp/aws\"]",
      "instances": [
        {
          "schema_version": 0,
          "attributes": {
            "id": "eni-0cceae62b1e17e68e-sg-09655a5d35c96b651",
            "network_interface_id": "eni-0cceae62b1e17e68e",
            "security_group_id": "sg-09655a5d35c96b651"
          },
          "sensitive_attributes": []
        }
      ]
    },
    {
      "mode": "managed",
      "type": "aws_network_interface_sg_attachment",
      "name": "eni_0cf683f03b3944029_sg_081ba48ae3370758b",
      "provider": "provider[\"registry.terraform.io/hashicorp/aws\"]",
      "instances": [
        {
          "schema_version": 0,
          "attributes": {
            "id": "eni-0cf683f03b3944029-sg-081ba48ae3370758b",
            "network_interface_id": "eni-0cf683f03b3944029",
            "security_group_id": "sg-081ba48ae3370758b"
          },
          "sensitive_attributes": []
        }
      ]
    },
    {
      "mode": "managed",
      "type": "aws_network_interface_sg_attachment",
      "name": "eni_0cfbbdf5183ff23dd_sg_0b0eed2b18edcbfaa",
      "provider": "provider[\"registry.terraform.io/hashicorp/aws\"]",
      "instances": [
        {
          "schema_version": 0,
          "attributes": {
            "id": "eni-0cfbbdf5183ff23dd-sg-0b0eed2b18edcbfaa",
            "network_interface_id": "eni-0cfbbdf5183ff23dd",
            "security_group_id": "sg-0b0eed2b18edcbfaa"
          },
          "sensitive_attributes": []
        }
      ]
    },
    {
      "mode": "managed",
      "type": "aws_network_interface_sg_attachment",
      "name": "eni_0d010361c41b49589_sg_091b35fd5feaac3d0",
      "provider": "provider[\"registry.terraform.io/hashicorp/aws\"]",
      "instances": [
        {
          "schema_version": 0,
          "attributes": {
            "id": "eni-0d010361c41b49589-sg-091b35fd5feaac3d0",
            "network_interface_id": "eni-0d010361c41b49589",
            "security_group_id": "sg-091b35fd5feaac3d0"
          },
          "sensitive_attributes": []
        }
      ]
    },
    {
      "mode": "managed",
      "type": "aws_network_interface_sg_attachment",
      "name": "eni_0d476a3eb81043a32_sg_0a8d1d3a2d1effe5d",
      "provider": "provider[\"registry.terraform.io/hashicorp/aws\"]",
      "instances": [
        {
          "schema_version": 0,
          "attributes": {
            "id": "eni-0d476a3eb81043a32-sg-0a8d1d3a2d1effe5d",
            "network_interface_id": "eni-0d476a3eb81043a32",
            "security_group_id": "sg-0a8d1d3a2d1effe5d"
          },
          "sensitive_attributes": []
        }
      ]
    },
    {
      "mode": "managed",
      "type": "aws_network_interface_sg_attachment",
      "name": "eni_0d481f60de184829e_sg_03769d92c81a37e14",
      "provider": "provider[\"registry.terraform.io/hashicorp/aws\"]",
      "instances": [
        {
          "schema_version": 0,
          "attributes": {
            "id": "eni-0d481f60de184829e-sg-03769d92c81a37e14",
            "network_interface_id": "eni-0d481f60de184829e",
            "security_group_id": "sg-03769d92c81a37e14"
          },
          "sensitive_attributes": []
        }
      ]
    },
    {
      "mode": "managed",
      "type": "aws_network_interface_sg_attachment",
      "name": "eni_0d61e7a3db793579a_sg_0d25cb1fc58d097e9",
      "provider": "provider[\"registry.terraform.io/hashicorp/aws\"]",
      "instances": [
        {
          "schema_version": 0,
          "attributes": {
            "id": "eni-0d61e7a3db793579a-sg-0d25cb1fc58d097e9",
            "network_interface_id": "eni-0d61e7a3db793579a",
            "security_group_id": "sg-0d25cb1fc58d097e9"
          },
          "sensitive_attributes": []
        }
      ]
    },
    {
      "mode": "managed",
      "type": "aws_network_interface_sg_attachment",
      "name": "eni_0e4ba1b38beeac991_sg_0e3da0334f6f1024d",
      "provider": "provider[\"registry.terraform.io/hashicorp/aws\"]",
      "instances": [
        {
          "schema_version": 0,
          "attributes": {
            "id": "eni-0e4ba1b38beeac991-sg-0e3da0334f6f1024d",
            "network_interface_id": "eni-0e4ba1b38beeac991",
            "security_group_id": "sg-0e3da0334f6f1024d"
          },
          "sensitive_attributes": []
        }
      ]
    },
    {
      "mode": "managed",
      "type": "aws_network_interface_sg_attachment",
      "name": "eni_0e5a7f5cf29ac11ff_sg_0ce67711c9eb8e894",
      "provider": "provider[\"registry.terraform.io/hashicorp/aws\"]",
      "instances": [
        {
          "schema_version": 0,
          "attributes": {
            "id": "eni-0e5a7f5cf29ac11ff-sg-0ce67711c9eb8e894",
            "network_interface_id": "eni-0e5a7f5cf29ac11ff",
            "security_group_id": "sg-0ce67711c9eb8e894"
          },
          "sensitive_attributes": []
        }
      ]
    },
    {
      "mode": "managed",
      "type": "aws_network_interface_sg_attachment",
      "name": "eni_0e8b8991d1cfd8a3e_sg_05da8fce7414d294c",
      "provider": "provider[\"registry.terraform.io/hashicorp/aws\"]",
      "instances": [
        {
          "schema_version": 0,
          "attributes": {
            "id": "eni-0e8b8991d1cfd8a3e-sg-05da8fce7414d294c",
            "network_interface_id": "eni-0e8b8991d1cfd8a3e",
            "security_group_id": "sg-05da8fce7414d294c"
          },
          "sensitive_attributes": []
        }
      ]
    },
    {
      "mode": "managed",
      "type": "aws_network_interface_sg_attachment",
      "name": "eni_0e9209079fe927383_sg_0313ffdf68606e618",
      "provider": "provider[\"registry.terraform.io/hashicorp/aws\"]",
      "instances": [
        {
          "schema_version": 0,
          "attributes": {
            "id": "eni-0e9209079fe927383-sg-0313ffdf68606e618",
            "network_interface_id": "eni-0e9209079fe927383",
            "security_group_id": "sg-0313ffdf68606e618"
          },
          "sensitive_attributes": []
        }
      ]
    },
    {
      "mode": "managed",
      "type": "aws_network_interface_sg_attachment",
      "name": "eni_0f091112b422bb8fe_sg_00e4e569f9e6920de",
      "provider": "provider[\"registry.terraform.io/hashicorp/aws\"]",
      "instances": [
        {
          "schema_version": 0,
          "attributes": {
            "id": "eni-0f091112b422bb8fe-sg-00e4e569f9e6920de",
            "network_interface_id": "eni-0f091112b422bb8fe",
            "security_group_id": "sg-00e4e569f9e6920de"
          },
          "sensitive_attributes": []
        }
      ]
    },
    {
      "mode": "managed",
      "type": "aws_network_interface_sg_attachment",
      "name": "eni_0f1fdd69fb2e22481_sg_0961642367dac1a13",
      "provider": "provider[\"registry.terraform.io/hashicorp/aws\"]",
      "instances": [
        {
          "schema_version": 0,
          "attributes": {
            "id": "eni-0f1fdd69fb2e22481-sg-0961642367dac1a13",
            "network_interface_id": "eni-0f1fdd69fb2e22481",
            "security_group_id": "sg-0961642367dac1a13"
          },
          "sensitive_attributes": []
        }
      ]
    },
    {
      "mode": "managed",
      "type": "aws_network_interface_sg_attachment",
      "name": "eni_0f307256e239115b1_sg_0b0eed2b18edcbfaa",
      "provider": "provider[\"registry.terraform.io/hashicorp/aws\"]",
      "instances": [
        {
          "schema_version": 0,
          "attributes": {
            "id": "eni-0f307256e239115b1-sg-0b0eed2b18edcbfaa",
            "network_interface_id": "eni-0f307256e239115b1",
            "security_group_id": "sg-0b0eed2b18edcbfaa"
          },
          "sensitive_attributes": []
        }
      ]
    },
    {
      "mode": "managed",
      "type": "aws_network_interface_sg_attachment",
      "name": "eni_0f8483f2ebb49f70b_sg_0e3e058433a4793a7",
      "provider": "provider[\"registry.terraform.io/hashicorp/aws\"]",
      "instances": [
        {
          "schema_version": 0,
          "attributes": {
            "id": "eni-0f8483f2ebb49f70b-sg-0e3e058433a4793a7",
            "network_interface_id": "eni-0f8483f2ebb49f70b",
            "security_group_id": "sg-0e3e058433a4793a7"
          },
          "sensitive_attributes": []
        }
      ]
    },
    {
      "mode": "managed",
      "type": "aws_network_interface_sg_attachment",
      "name": "eni_0f8e08f1103e2679a_sg_081ba48ae3370758b",
      "provider": "provider[\"registry.terraform.io/hashicorp/aws\"]",
      "instances": [
        {
          "schema_version": 0,
          "attributes": {
            "id": "eni-0f8e08f1103e2679a-sg-081ba48ae3370758b",
            "network_interface_id": "eni-0f8e08f1103e2679a",
            "security_group_id": "sg-081ba48ae3370758b"
          },
          "sensitive_attributes": []
        }
      ]
    },
    {
      "mode": "managed",
      "type": "aws_network_interface_sg_attachment",
      "name": "eni_0f98f79922a2de4a7_sg_096a6ba8268eef3f6",
      "provider": "provider[\"registry.terraform.io/hashicorp/aws\"]",
      "instances": [
        {
          "schema_version": 0,
          "attributes": {
            "id": "eni-0f98f79922a2de4a7-sg-096a6ba8268eef3f6",
            "network_interface_id": "eni-0f98f79922a2de4a7",
            "security_group_id": "sg-096a6ba8268eef3f6"
          },
          "sensitive_attributes": []
        }
      ]
    },
    {
      "mode": "managed",
      "type": "aws_network_interface_sg_attachment",
      "name": "eni_0fa4283cba1bcafca_sg_0a8d1d3a2d1effe5d",
      "provider": "provider[\"registry.terraform.io/hashicorp/aws\"]",
      "instances": [
        {
          "schema_version": 0,
          "attributes": {
            "id": "eni-0fa4283cba1bcafca-sg-0a8d1d3a2d1effe5d",
            "network_interface_id": "eni-0fa4283cba1bcafca",
            "security_group_id": "sg-0a8d1d3a2d1effe5d"
          },
          "sensitive_attributes": []
        }
      ]
    },
    {
      "mode": "managed",
      "type": "aws_network_interface_sg_attachment",
      "name": "eni_0febd2b5f9448b600_sg_09655a5d35c96b651",
      "provider": "provider[\"registry.terraform.io/hashicorp/aws\"]",
      "instances": [
        {
          "schema_version": 0,
          "attributes": {
            "id": "eni-0febd2b5f9448b600-sg-09655a5d35c96b651",
            "network_interface_id": "eni-0febd2b5f9448b600",
            "security_group_id": "sg-09655a5d35c96b651"
          },
          "sensitive_attributes": []
        }
      ]
    },
    {
      "mode": "managed",
      "type": "aws_network_interface_sg_attachment",
      "name": "eni_0ff7ca09d6c7aff1d_sg_096a6ba8268eef3f6",
      "provider": "provider[\"registry.terraform.io/hashicorp/aws\"]",
      "instances": [
        {
          "schema_version": 0,
          "attributes": {
            "id": "eni-0ff7ca09d6c7aff1d-sg-096a6ba8268eef3f6",
            "network_interface_id": "eni-0ff7ca09d6c7aff1d",
            "security_group_id": "sg-096a6ba8268eef3f6"
          },
          "sensitive_attributes": []
        }
      ]
    },
    {
      "mode": "managed",
      "type": "aws_network_interface_sg_attachment",
      "name": "eni_0ffe9f4f83c8ed6af_sg_00a3f418f039eac2a",
      "provider": "provider[\"registry.terraform.io/hashicorp/aws\"]",
      "instances": [
        {
          "schema_version": 0,
          "attributes": {
            "id": "eni-0ffe9f4f83c8ed6af-sg-00a3f418f039eac2a",
            "network_interface_id": "eni-0ffe9f4f83c8ed6af",
            "security_group_id": "sg-00a3f418f039eac2a"
          },
          "sensitive_attributes": []
        }
      ]
    },
    {
      "mode": "managed",
      "type": "aws_route",
      "name": "rtb_01b841faa1acf44ab_0_0_0_0_0",
      "provider": "provider[\"registry.terraform.io/hashicorp/aws\"]",
      "instances": [
        {
          "schema_version": 0,
          "attributes": {
            "carrier_gateway_id": "",
            "core_network_arn": "",
            "destination_cidr_block": "0.0.0.0/0",
            "destination_ipv6_cidr_block": "",
            "destination_prefix_list_id": "",
            "egress_only_gateway_id": "",
            "gateway_id": "",
            "id": "rtb-01b841faa1acf44ab-0.0.0.0-0",
            "instance_id": "",
            "instance_owner_id": "",
            "local_gateway_id": "",
            "nat_gateway_id": "nat-0a9c5c1c49f952d26",
            "network_interface_id": "",
            "origin": "CreateRoute",
            "route_table_id": "rtb-01b841faa1acf44ab",
            "state": "active",
            "timeouts": null,
            "transit_gateway_id": "",
            "vpc_endpoint_id": "",
            "vpc_peering_connection_id": ""
          },
          "sensitive_attributes": []
        }
      ]
    },
    {
      "mode": "managed",
      "type": "aws_route",
      "name": "rtb_01b841faa1acf44ab_10_21_0_0_16",
      "provider": "provider[\"registry.terraform.io/hashicorp/aws\"]",
      "instances": [
        {
          "schema_version": 0,
          "attributes": {
            "carrier_gateway_id": "",
            "core_network_arn": "",
            "destination_cidr_block": "10.21.0.0/16",
            "destination_ipv6_cidr_block": "",
            "destination_prefix_list_id": "",
            "egress_only_gateway_id": "",
            "gateway_id": "local",
            "id": "rtb-01b841faa1acf44ab-10.21.0.0-16",
            "instance_id": "",
            "instance_owner_id": "",
            "local_gateway_id": "",
            "nat_gateway_id": "",
            "network_interface_id": "",
            "origin": "CreateRouteTable",
            "route_table_id": "rtb-01b841faa1acf44ab",
            "state": "active",
            "timeouts": null,
            "transit_gateway_id": "",
            "vpc_endpoint_id": "",
            "vpc_peering_connection_id": ""
          },
          "sensitive_attributes": []
        }
      ]
    },
    {
      "mode": "managed",
      "type": "aws_route",
      "name": "rtb_02056949513302f39_0_0_0_0_0",
      "provider": "provider[\"registry.terraform.io/hashicorp/aws\"]",
      "instances": [
        {
          "schema_version": 0,
          "attributes": {
            "carrier_gateway_id": "",
            "core_network_arn": "",
            "destination_cidr_block": "0.0.0.0/0",
            "destination_ipv6_cidr_block": "",
            "destination_prefix_list_id": "",
            "egress_only_gateway_id": "",
            "gateway_id": "igw-0fd5d14925b7fcf92",
            "id": "rtb-02056949513302f39-0.0.0.0-0",
            "instance_id": "",
            "instance_owner_id": "",
            "local_gateway_id": "",
            "nat_gateway_id": "",
            "network_interface_id": "",
            "origin": "CreateRoute",
            "route_table_id": "rtb-02056949513302f39",
            "state": "active",
            "timeouts": null,
            "transit_gateway_id": "",
            "vpc_endpoint_id": "",
            "vpc_peering_connection_id": ""
          },
          "sensitive_attributes": []
        }
      ]
    },
    {
      "mode": "managed",
      "type": "aws_route",
      "name": "rtb_02056949513302f39_10_21_0_0_16",
      "provider": "provider[\"registry.terraform.io/hashicorp/aws\"]",
      "instances": [
        {
          "schema_version": 0,
          "attributes": {
            "carrier_gateway_id": "",
            "core_network_arn": "",
            "destination_cidr_block": "10.21.0.0/16",
            "destination_ipv6_cidr_block": "",
            "destination_prefix_list_id": "",
            "egress_only_gateway_id": "",
            "gateway_id": "local",
            "id": "rtb-02056949513302f39-10.21.0.0-16",
            "instance_id": "",
            "instance_owner_id": "",
            "local_gateway_id": "",
            "nat_gateway_id": "",
            "network_interface_id": "",
            "origin": "CreateRouteTable",
            "route_table_id": "rtb-02056949513302f39",
            "state": "active",
            "timeouts": null,
            "transit_gateway_id": "",
            "vpc_endpoint_id": "",
            "vpc_peering_connection_id": ""
          },
          "sensitive_attributes": []
        }
      ]
    },
    {
      "mode": "managed",
      "type": "aws_route",
      "name": "rtb_03ebd081b9afeb921_172_16_0_0_24",
      "provider": "provider[\"registry.terraform.io/hashicorp/aws\"]",
      "instances": [
        {
          "schema_version": 0,
          "attributes": {
            "carrier_gateway_id": "",
            "core_network_arn": "",
            "destination_cidr_block": "172.16.0.0/24",
            "destination_ipv6_cidr_block": "",
            "destination_prefix_list_id": "",
            "egress_only_gateway_id": "",
            "gateway_id": "local",
            "id": "rtb-03ebd081b9afeb921-172.16.0.0-24",
            "instance_id": "",
            "instance_owner_id": "",
            "local_gateway_id": "",
            "nat_gateway_id": "",
            "network_interface_id": "",
            "origin": "CreateRouteTable",
            "route_table_id": "rtb-03ebd081b9afeb921",
            "state": "active",
            "timeouts": null,
            "transit_gateway_id": "",
            "vpc_endpoint_id": "",
            "vpc_peering_connection_id": ""
          },
          "sensitive_attributes": []
        }
      ]
    },
    {
      "mode": "managed",
      "type": "aws_route",
      "name": "rtb_0650b3e5bc7cf549f_172_16_128_0_24",
      "provider": "provider[\"registry.terraform.io/hashicorp/aws\"]",
      "instances": [
        {
          "schema_version": 0,
          "attributes": {
            "carrier_gateway_id": "",
            "core_network_arn": "",
            "destination_cidr_block": "172.16.128.0/24",
            "destination_ipv6_cidr_block": "",
            "destination_prefix_list_id": "",
            "egress_only_gateway_id": "",
            "gateway_id": "local",
            "id": "rtb-0650b3e5bc7cf549f-172.16.128.0-24",
            "instance_id": "",
            "instance_owner_id": "",
            "local_gateway_id": "",
            "nat_gateway_id": "",
            "network_interface_id": "",
            "origin": "CreateRouteTable",
            "route_table_id": "rtb-0650b3e5bc7cf549f",
            "state": "active",
            "timeouts": null,
            "transit_gateway_id": "",
            "vpc_endpoint_id": "",
            "vpc_peering_connection_id": ""
          },
          "sensitive_attributes": []
        }
      ]
    },
    {
      "mode": "managed",
      "type": "aws_route",
      "name": "rtb_0b69ef69e0995469a_0_0_0_0_0",
      "provider": "provider[\"registry.terraform.io/hashicorp/aws\"]",
      "instances": [
        {
          "schema_version": 0,
          "attributes": {
            "carrier_gateway_id": "",
            "core_network_arn": "",
            "destination_cidr_block": "0.0.0.0/0",
            "destination_ipv6_cidr_block": "",
            "destination_prefix_list_id": "",
            "egress_only_gateway_id": "",
            "gateway_id": "igw-0606c63cc605becd7",
            "id": "rtb-0b69ef69e0995469a-0.0.0.0-0",
            "instance_id": "",
            "instance_owner_id": "",
            "local_gateway_id": "",
            "nat_gateway_id": "",
            "network_interface_id": "",
            "origin": "CreateRoute",
            "route_table_id": "rtb-0b69ef69e0995469a",
            "state": "active",
            "timeouts": null,
            "transit_gateway_id": "",
            "vpc_endpoint_id": "",
            "vpc_peering_connection_id": ""
          },
          "sensitive_attributes": []
        }
      ]
    },
    {
      "mode": "managed",
      "type": "aws_route",
      "name": "rtb_0b69ef69e0995469a_172_16_128_0_24",
      "provider": "provider[\"registry.terraform.io/hashicorp/aws\"]",
      "instances": [
        {
          "schema_version": 0,
          "attributes": {
            "carrier_gateway_id": "",
            "core_network_arn": "",
            "destination_cidr_block": "172.16.128.0/24",
            "destination_ipv6_cidr_block": "",
            "destination_prefix_list_id": "",
            "egress_only_gateway_id": "",
            "gateway_id": "local",
            "id": "rtb-0b69ef69e0995469a-172.16.128.0-24",
            "instance_id": "",
            "instance_owner_id": "",
            "local_gateway_id": "",
            "nat_gateway_id": "",
            "network_interface_id": "",
            "origin": "CreateRouteTable",
            "route_table_id": "rtb-0b69ef69e0995469a",
            "state": "active",
            "timeouts": null,
            "transit_gateway_id": "",
            "vpc_endpoint_id": "",
            "vpc_peering_connection_id": ""
          },
          "sensitive_attributes": []
        }
      ]
    },
    {
      "mode": "managed",
      "type": "aws_route",
      "name": "rtb_0c3d02600a29b9644_0_0_0_0_0",
      "provider": "provider[\"registry.terraform.io/hashicorp/aws\"]",
      "instances": [
        {
          "schema_version": 0,
          "attributes": {
            "carrier_gateway_id": "",
            "core_network_arn": "",
            "destination_cidr_block": "0.0.0.0/0",
            "destination_ipv6_cidr_block": "",
            "destination_prefix_list_id": "",
            "egress_only_gateway_id": "",
            "gateway_id": "",
            "id": "rtb-0c3d02600a29b9644-0.0.0.0-0",
            "instance_id": "",
            "instance_owner_id": "",
            "local_gateway_id": "",
            "nat_gateway_id": "nat-0955f97e2eb10272c",
            "network_interface_id": "",
            "origin": "CreateRoute",
            "route_table_id": "rtb-0c3d02600a29b9644",
            "state": "active",
            "timeouts": null,
            "transit_gateway_id": "",
            "vpc_endpoint_id": "",
            "vpc_peering_connection_id": ""
          },
          "sensitive_attributes": []
        }
      ]
    },
    {
      "mode": "managed",
      "type": "aws_route",
      "name": "rtb_0c3d02600a29b9644_10_21_0_0_16",
      "provider": "provider[\"registry.terraform.io/hashicorp/aws\"]",
      "instances": [
        {
          "schema_version": 0,
          "attributes": {
            "carrier_gateway_id": "",
            "core_network_arn": "",
            "destination_cidr_block": "10.21.0.0/16",
            "destination_ipv6_cidr_block": "",
            "destination_prefix_list_id": "",
            "egress_only_gateway_id": "",
            "gateway_id": "local",
            "id": "rtb-0c3d02600a29b9644-10.21.0.0-16",
            "instance_id": "",
            "instance_owner_id": "",
            "local_gateway_id": "",
            "nat_gateway_id": "",
            "network_interface_id": "",
            "origin": "CreateRouteTable",
            "route_table_id": "rtb-0c3d02600a29b9644",
            "state": "active",
            "timeouts": null,
            "transit_gateway_id": "",
            "vpc_endpoint_id": "",
            "vpc_peering_connection_id": ""
          },
          "sensitive_attributes": []
        }
      ]
    },
    {
      "mode": "managed",
      "type": "aws_route",
      "name": "rtb_0e001cff6079c7c1e_0_0_0_0_0",
      "provider": "provider[\"registry.terraform.io/hashicorp/aws\"]",
      "instances": [
        {
          "schema_version": 0,
          "attributes": {
            "carrier_gateway_id": "",
            "core_network_arn": "",
            "destination_cidr_block": "0.0.0.0/0",
            "destination_ipv6_cidr_block": "",
            "destination_prefix_list_id": "",
            "egress_only_gateway_id": "",
            "gateway_id": "",
            "id": "rtb-0e001cff6079c7c1e-0.0.0.0-0",
            "instance_id": "",
            "instance_owner_id": "",
            "local_gateway_id": "",
            "nat_gateway_id": "nat-0d8b2f0ad23aa7527",
            "network_interface_id": "",
            "origin": "CreateRoute",
            "route_table_id": "rtb-0e001cff6079c7c1e",
            "state": "active",
            "timeouts": null,
            "transit_gateway_id": "",
            "vpc_endpoint_id": "",
            "vpc_peering_connection_id": ""
          },
          "sensitive_attributes": []
        }
      ]
    },
    {
      "mode": "managed",
      "type": "aws_route",
      "name": "rtb_0e001cff6079c7c1e_10_21_0_0_16",
      "provider": "provider[\"registry.terraform.io/hashicorp/aws\"]",
      "instances": [
        {
          "schema_version": 0,
          "attributes": {
            "carrier_gateway_id": "",
            "core_network_arn": "",
            "destination_cidr_block": "10.21.0.0/16",
            "destination_ipv6_cidr_block": "",
            "destination_prefix_list_id": "",
            "egress_only_gateway_id": "",
            "gateway_id": "local",
            "id": "rtb-0e001cff6079c7c1e-10.21.0.0-16",
            "instance_id": "",
            "instance_owner_id": "",
            "local_gateway_id": "",
            "nat_gateway_id": "",
            "network_interface_id": "",
            "origin": "CreateRouteTable",
            "route_table_id": "rtb-0e001cff6079c7c1e",
            "state": "active",
            "timeouts": null,
            "transit_gateway_id": "",
            "vpc_endpoint_id": "",
            "vpc_peering_connection_id": ""
          },
          "sensitive_attributes": []
        }
      ]
    },
    {
      "mode": "managed",
      "type": "aws_route",
      "name": "rtb_0f8e708d7686aeffe_0_0_0_0_0",
      "provider": "provider[\"registry.terraform.io/hashicorp/aws\"]",
      "instances": [
        {
          "schema_version": 0,
          "attributes": {
            "carrier_gateway_id": "",
            "core_network_arn": "",
            "destination_cidr_block": "0.0.0.0/0",
            "destination_ipv6_cidr_block": "",
            "destination_prefix_list_id": "",
            "egress_only_gateway_id": "",
            "gateway_id": "igw-067fed3ddf94bbad0",
            "id": "rtb-0f8e708d7686aeffe-0.0.0.0-0",
            "instance_id": "",
            "instance_owner_id": "",
            "local_gateway_id": "",
            "nat_gateway_id": "",
            "network_interface_id": "",
            "origin": "CreateRoute",
            "route_table_id": "rtb-0f8e708d7686aeffe",
            "state": "active",
            "timeouts": null,
            "transit_gateway_id": "",
            "vpc_endpoint_id": "",
            "vpc_peering_connection_id": ""
          },
          "sensitive_attributes": []
        }
      ]
    },
    {
      "mode": "managed",
      "type": "aws_route",
      "name": "rtb_0f8e708d7686aeffe_172_16_0_0_24",
      "provider": "provider[\"registry.terraform.io/hashicorp/aws\"]",
      "instances": [
        {
          "schema_version": 0,
          "attributes": {
            "carrier_gateway_id": "",
            "core_network_arn": "",
            "destination_cidr_block": "172.16.0.0/24",
            "destination_ipv6_cidr_block": "",
            "destination_prefix_list_id": "",
            "egress_only_gateway_id": "",
            "gateway_id": "local",
            "id": "rtb-0f8e708d7686aeffe-172.16.0.0-24",
            "instance_id": "",
            "instance_owner_id": "",
            "local_gateway_id": "",
            "nat_gateway_id": "",
            "network_interface_id": "",
            "origin": "CreateRouteTable",
            "route_table_id": "rtb-0f8e708d7686aeffe",
            "state": "active",
            "timeouts": null,
            "transit_gateway_id": "",
            "vpc_endpoint_id": "",
            "vpc_peering_connection_id": ""
          },
          "sensitive_attributes": []
        }
      ]
    },
    {
      "mode": "managed",
      "type": "aws_route",
      "name": "rtb_0f8e708d7686aeffe_172_16_1_0_24",
      "provider": "provider[\"registry.terraform.io/hashicorp/aws\"]",
      "instances": [
        {
          "schema_version": 0,
          "attributes": {
            "carrier_gateway_id": "",
            "core_network_arn": "",
            "destination_cidr_block": "172.16.1.0/24",
            "destination_ipv6_cidr_block": "",
            "destination_prefix_list_id": "",
            "egress_only_gateway_id": "",
            "gateway_id": "",
            "id": "rtb-0f8e708d7686aeffe-172.16.1.0-24",
            "instance_id": "",
            "instance_owner_id": "",
            "local_gateway_id": "",
            "nat_gateway_id": "",
            "network_interface_id": "",
            "origin": "CreateRoute",
            "route_table_id": "rtb-0f8e708d7686aeffe",
            "state": "active",
            "timeouts": null,
            "transit_gateway_id": "",
            "vpc_endpoint_id": "",
            "vpc_peering_connection_id": "pcx-0e687a961b2e51509"
          },
          "sensitive_attributes": []
        }
      ]
    },
    {
      "mode": "managed",
      "type": "aws_route",
      "name": "rtb_0ffdd5c1eeea40e3b_10_21_0_0_16",
      "provider": "provider[\"registry.terraform.io/hashicorp/aws\"]",
      "instances": [
        {
          "schema_version": 0,
          "attributes": {
            "carrier_gateway_id": "",
            "core_network_arn": "",
            "destination_cidr_block": "10.21.0.0/16",
            "destination_ipv6_cidr_block": "",
            "destination_prefix_list_id": "",
            "egress_only_gateway_id": "",
            "gateway_id": "local",
            "id": "rtb-0ffdd5c1eeea40e3b-10.21.0.0-16",
            "instance_id": "",
            "instance_owner_id": "",
            "local_gateway_id": "",
            "nat_gateway_id": "",
            "network_interface_id": "",
            "origin": "CreateRouteTable",
            "route_table_id": "rtb-0ffdd5c1eeea40e3b",
            "state": "active",
            "timeouts": null,
            "transit_gateway_id": "",
            "vpc_endpoint_id": "",
            "vpc_peering_connection_id": ""
          },
          "sensitive_attributes": []
        }
      ]
    },
    {
      "mode": "managed",
      "type": "aws_route_table",
      "name": "rtb_01b841faa1acf44ab",
      "provider": "provider[\"registry.terraform.io/hashicorp/aws\"]",
      "instances": [
        {
          "schema_version": 0,
          "attributes": {
            "arn": "arn:aws-us-gov:ec2:us-gov-west-1:050779347855:route-table/rtb-01b841faa1acf44ab",
            "id": "rtb-01b841faa1acf44ab",
            "owner_id": "050779347855",
            "propagating_vgws": [],
            "route": [
              {
                "carrier_gateway_id": "",
                "cidr_block": "0.0.0.0/0",
                "core_network_arn": "",
                "destination_prefix_list_id": "",
                "egress_only_gateway_id": "",
                "gateway_id": "",
                "instance_id": "",
                "ipv6_cidr_block": "",
                "local_gateway_id": "",
                "nat_gateway_id": "nat-0a9c5c1c49f952d26",
                "network_interface_id": "",
                "transit_gateway_id": "",
                "vpc_endpoint_id": "",
                "vpc_peering_connection_id": ""
              }
            ],
            "tags": {
              "DeploymentEnvironment": "production",
              "Description": "Provides routes for private subnet a in the !Sub ${DeploymentEnvironment} VPC.",
              "Name": "production-private-a"
            },
            "tags_all": {
              "DeploymentEnvironment": "production",
              "Description": "Provides routes for private subnet a in the !Sub ${DeploymentEnvironment} VPC.",
              "Name": "production-private-a"
            },
            "timeouts": null,
            "vpc_id": "vpc-0bd9acb7990b4154d"
          },
          "sensitive_attributes": []
        }
      ]
    },
    {
      "mode": "managed",
      "type": "aws_route_table",
      "name": "rtb_02056949513302f39",
      "provider": "provider[\"registry.terraform.io/hashicorp/aws\"]",
      "instances": [
        {
          "schema_version": 0,
          "attributes": {
            "arn": "arn:aws-us-gov:ec2:us-gov-west-1:050779347855:route-table/rtb-02056949513302f39",
            "id": "rtb-02056949513302f39",
            "owner_id": "050779347855",
            "propagating_vgws": [],
            "route": [
              {
                "carrier_gateway_id": "",
                "cidr_block": "0.0.0.0/0",
                "core_network_arn": "",
                "destination_prefix_list_id": "",
                "egress_only_gateway_id": "",
                "gateway_id": "igw-0fd5d14925b7fcf92",
                "instance_id": "",
                "ipv6_cidr_block": "",
                "local_gateway_id": "",
                "nat_gateway_id": "",
                "network_interface_id": "",
                "transit_gateway_id": "",
                "vpc_endpoint_id": "",
                "vpc_peering_connection_id": ""
              }
            ],
            "tags": {
              "DeploymentEnvironment": "production",
              "Description": "Provides routes for public subnets in the !Sub ${DeploymentEnvironment} VPC.",
              "Name": "production-public"
            },
            "tags_all": {
              "DeploymentEnvironment": "production",
              "Description": "Provides routes for public subnets in the !Sub ${DeploymentEnvironment} VPC.",
              "Name": "production-public"
            },
            "timeouts": null,
            "vpc_id": "vpc-0bd9acb7990b4154d"
          },
          "sensitive_attributes": []
        }
      ]
    },
    {
      "mode": "managed",
      "type": "aws_route_table",
      "name": "rtb_03ebd081b9afeb921",
      "provider": "provider[\"registry.terraform.io/hashicorp/aws\"]",
      "instances": [
        {
          "schema_version": 0,
          "attributes": {
            "arn": "arn:aws-us-gov:ec2:us-gov-west-1:050779347855:route-table/rtb-03ebd081b9afeb921",
            "id": "rtb-03ebd081b9afeb921",
            "owner_id": "050779347855",
            "propagating_vgws": [],
            "route": [],
            "tags": {},
            "tags_all": {},
            "timeouts": null,
            "vpc_id": "vpc-0c883d416072b2572"
          },
          "sensitive_attributes": []
        }
      ]
    },
    {
      "mode": "managed",
      "type": "aws_route_table",
      "name": "rtb_0650b3e5bc7cf549f",
      "provider": "provider[\"registry.terraform.io/hashicorp/aws\"]",
      "instances": [
        {
          "schema_version": 0,
          "attributes": {
            "arn": "arn:aws-us-gov:ec2:us-gov-west-1:050779347855:route-table/rtb-0650b3e5bc7cf549f",
            "id": "rtb-0650b3e5bc7cf549f",
            "owner_id": "050779347855",
            "propagating_vgws": [],
            "route": [],
            "tags": {},
            "tags_all": {},
            "timeouts": null,
            "vpc_id": "vpc-062a9bb71430eda86"
          },
          "sensitive_attributes": []
        }
      ]
    },
    {
      "mode": "managed",
      "type": "aws_route_table",
      "name": "rtb_0b69ef69e0995469a",
      "provider": "provider[\"registry.terraform.io/hashicorp/aws\"]",
      "instances": [
        {
          "schema_version": 0,
          "attributes": {
            "arn": "arn:aws-us-gov:ec2:us-gov-west-1:050779347855:route-table/rtb-0b69ef69e0995469a",
            "id": "rtb-0b69ef69e0995469a",
            "owner_id": "050779347855",
            "propagating_vgws": [],
            "route": [
              {
                "carrier_gateway_id": "",
                "cidr_block": "0.0.0.0/0",
                "core_network_arn": "",
                "destination_prefix_list_id": "",
                "egress_only_gateway_id": "",
                "gateway_id": "igw-0606c63cc605becd7",
                "instance_id": "",
                "ipv6_cidr_block": "",
                "local_gateway_id": "",
                "nat_gateway_id": "",
                "network_interface_id": "",
                "transit_gateway_id": "",
                "vpc_endpoint_id": "",
                "vpc_peering_connection_id": ""
              }
            ],
            "tags": {
              "Description": "Provides routes for public subnets in the ThirdParty VPC.",
              "Name": "ThirdParty-public"
            },
            "tags_all": {
              "Description": "Provides routes for public subnets in the ThirdParty VPC.",
              "Name": "ThirdParty-public"
            },
            "timeouts": null,
            "vpc_id": "vpc-062a9bb71430eda86"
          },
          "sensitive_attributes": []
        }
      ]
    },
    {
      "mode": "managed",
      "type": "aws_route_table",
      "name": "rtb_0c3d02600a29b9644",
      "provider": "provider[\"registry.terraform.io/hashicorp/aws\"]",
      "instances": [
        {
          "schema_version": 0,
          "attributes": {
            "arn": "arn:aws-us-gov:ec2:us-gov-west-1:050779347855:route-table/rtb-0c3d02600a29b9644",
            "id": "rtb-0c3d02600a29b9644",
            "owner_id": "050779347855",
            "propagating_vgws": [],
            "route": [
              {
                "carrier_gateway_id": "",
                "cidr_block": "0.0.0.0/0",
                "core_network_arn": "",
                "destination_prefix_list_id": "",
                "egress_only_gateway_id": "",
                "gateway_id": "",
                "instance_id": "",
                "ipv6_cidr_block": "",
                "local_gateway_id": "",
                "nat_gateway_id": "nat-0955f97e2eb10272c",
                "network_interface_id": "",
                "transit_gateway_id": "",
                "vpc_endpoint_id": "",
                "vpc_peering_connection_id": ""
              }
            ],
            "tags": {
              "DeploymentEnvironment": "production",
              "Description": "Provides routes for private subnet b in the !Sub ${DeploymentEnvironment} VPC.",
              "Name": "production-private-b"
            },
            "tags_all": {
              "DeploymentEnvironment": "production",
              "Description": "Provides routes for private subnet b in the !Sub ${DeploymentEnvironment} VPC.",
              "Name": "production-private-b"
            },
            "timeouts": null,
            "vpc_id": "vpc-0bd9acb7990b4154d"
          },
          "sensitive_attributes": []
        }
      ]
    },
    {
      "mode": "managed",
      "type": "aws_route_table",
      "name": "rtb_0e001cff6079c7c1e",
      "provider": "provider[\"registry.terraform.io/hashicorp/aws\"]",
      "instances": [
        {
          "schema_version": 0,
          "attributes": {
            "arn": "arn:aws-us-gov:ec2:us-gov-west-1:050779347855:route-table/rtb-0e001cff6079c7c1e",
            "id": "rtb-0e001cff6079c7c1e",
            "owner_id": "050779347855",
            "propagating_vgws": [],
            "route": [
              {
                "carrier_gateway_id": "",
                "cidr_block": "0.0.0.0/0",
                "core_network_arn": "",
                "destination_prefix_list_id": "",
                "egress_only_gateway_id": "",
                "gateway_id": "",
                "instance_id": "",
                "ipv6_cidr_block": "",
                "local_gateway_id": "",
                "nat_gateway_id": "nat-0d8b2f0ad23aa7527",
                "network_interface_id": "",
                "transit_gateway_id": "",
                "vpc_endpoint_id": "",
                "vpc_peering_connection_id": ""
              }
            ],
            "tags": {
              "DeploymentEnvironment": "production",
              "Description": "Provides routes for private subnet c in the !Sub ${DeploymentEnvironment} VPC.",
              "Name": "production-private-c"
            },
            "tags_all": {
              "DeploymentEnvironment": "production",
              "Description": "Provides routes for private subnet c in the !Sub ${DeploymentEnvironment} VPC.",
              "Name": "production-private-c"
            },
            "timeouts": null,
            "vpc_id": "vpc-0bd9acb7990b4154d"
          },
          "sensitive_attributes": []
        }
      ]
    },
    {
      "mode": "managed",
      "type": "aws_route_table",
      "name": "rtb_0f8e708d7686aeffe",
      "provider": "provider[\"registry.terraform.io/hashicorp/aws\"]",
      "instances": [
        {
          "schema_version": 0,
          "attributes": {
            "arn": "arn:aws-us-gov:ec2:us-gov-west-1:050779347855:route-table/rtb-0f8e708d7686aeffe",
            "id": "rtb-0f8e708d7686aeffe",
            "owner_id": "050779347855",
            "propagating_vgws": [],
            "route": [
              {
                "carrier_gateway_id": "",
                "cidr_block": "0.0.0.0/0",
                "core_network_arn": "",
                "destination_prefix_list_id": "",
                "egress_only_gateway_id": "",
                "gateway_id": "igw-067fed3ddf94bbad0",
                "instance_id": "",
                "ipv6_cidr_block": "",
                "local_gateway_id": "",
                "nat_gateway_id": "",
                "network_interface_id": "",
                "transit_gateway_id": "",
                "vpc_endpoint_id": "",
                "vpc_peering_connection_id": ""
              },
              {
                "carrier_gateway_id": "",
                "cidr_block": "172.16.1.0/24",
                "core_network_arn": "",
                "destination_prefix_list_id": "",
                "egress_only_gateway_id": "",
                "gateway_id": "",
                "instance_id": "",
                "ipv6_cidr_block": "",
                "local_gateway_id": "",
                "nat_gateway_id": "",
                "network_interface_id": "",
                "transit_gateway_id": "",
                "vpc_endpoint_id": "",
                "vpc_peering_connection_id": "pcx-0e687a961b2e51509"
              }
            ],
            "tags": {
              "DeploymentEnvironment": "DeveloperTools",
              "Description": "Provides routes for public subnets in the DeveloperTools VPC.",
              "Name": "DeveloperTools-public"
            },
            "tags_all": {
              "DeploymentEnvironment": "DeveloperTools",
              "Description": "Provides routes for public subnets in the DeveloperTools VPC.",
              "Name": "DeveloperTools-public"
            },
            "timeouts": null,
            "vpc_id": "vpc-0c883d416072b2572"
          },
          "sensitive_attributes": []
        }
      ]
    },
    {
      "mode": "managed",
      "type": "aws_route_table",
      "name": "rtb_0ffdd5c1eeea40e3b",
      "provider": "provider[\"registry.terraform.io/hashicorp/aws\"]",
      "instances": [
        {
          "schema_version": 0,
          "attributes": {
            "arn": "arn:aws-us-gov:ec2:us-gov-west-1:050779347855:route-table/rtb-0ffdd5c1eeea40e3b",
            "id": "rtb-0ffdd5c1eeea40e3b",
            "owner_id": "050779347855",
            "propagating_vgws": [],
            "route": [],
            "tags": {},
            "tags_all": {},
            "timeouts": null,
            "vpc_id": "vpc-0bd9acb7990b4154d"
          },
          "sensitive_attributes": []
        }
      ]
    },
    {
      "mode": "managed",
      "type": "aws_route_table_association",
      "name": "rtbassoc_002ab6fc9130daf36",
      "provider": "provider[\"registry.terraform.io/hashicorp/aws\"]",
      "instances": [
        {
          "schema_version": 0,
          "attributes": {
            "gateway_id": "",
            "id": "rtbassoc-002ab6fc9130daf36",
            "route_table_id": "rtb-0e001cff6079c7c1e",
            "subnet_id": "subnet-096303542f2113a20",
            "timeouts": null
          },
          "sensitive_attributes": []
        }
      ]
    },
    {
      "mode": "managed",
      "type": "aws_route_table_association",
      "name": "rtbassoc_0092618a6f0b23851",
      "provider": "provider[\"registry.terraform.io/hashicorp/aws\"]",
      "instances": [
        {
          "schema_version": 0,
          "attributes": {
            "gateway_id": "",
            "id": "rtbassoc-0092618a6f0b23851",
            "route_table_id": "rtb-02056949513302f39",
            "subnet_id": "subnet-0680aa96bc65f072d",
            "timeouts": null
          },
          "sensitive_attributes": []
        }
      ]
    },
    {
      "mode": "managed",
      "type": "aws_route_table_association",
      "name": "rtbassoc_03f27a0a672905b52",
      "provider": "provider[\"registry.terraform.io/hashicorp/aws\"]",
      "instances": [
        {
          "schema_version": 0,
          "attributes": {
            "gateway_id": "",
            "id": "rtbassoc-03f27a0a672905b52",
            "route_table_id": "rtb-0f8e708d7686aeffe",
            "subnet_id": "subnet-0d9fc337565eaccd1",
            "timeouts": null
          },
          "sensitive_attributes": []
        }
      ]
    },
    {
      "mode": "managed",
      "type": "aws_route_table_association",
      "name": "rtbassoc_044cd64861703b50e",
      "provider": "provider[\"registry.terraform.io/hashicorp/aws\"]",
      "instances": [
        {
          "schema_version": 0,
          "attributes": {
            "gateway_id": "",
            "id": "rtbassoc-044cd64861703b50e",
            "route_table_id": "rtb-0b69ef69e0995469a",
            "subnet_id": "subnet-00624cc56bc520484",
            "timeouts": null
          },
          "sensitive_attributes": []
        }
      ]
    },
    {
      "mode": "managed",
      "type": "aws_route_table_association",
      "name": "rtbassoc_0495c02f746d3c470",
      "provider": "provider[\"registry.terraform.io/hashicorp/aws\"]",
      "instances": [
        {
          "schema_version": 0,
          "attributes": {
            "gateway_id": "",
            "id": "rtbassoc-0495c02f746d3c470",
            "route_table_id": "rtb-02056949513302f39",
            "subnet_id": "subnet-076f8b852c6b60060",
            "timeouts": null
          },
          "sensitive_attributes": []
        }
      ]
    },
    {
      "mode": "managed",
      "type": "aws_route_table_association",
      "name": "rtbassoc_08baea68a09b080e9",
      "provider": "provider[\"registry.terraform.io/hashicorp/aws\"]",
      "instances": [
        {
          "schema_version": 0,
          "attributes": {
            "gateway_id": "",
            "id": "rtbassoc-08baea68a09b080e9",
            "route_table_id": "rtb-02056949513302f39",
            "subnet_id": "subnet-07402e5b661b23bec",
            "timeouts": null
          },
          "sensitive_attributes": []
        }
      ]
    },
    {
      "mode": "managed",
      "type": "aws_route_table_association",
      "name": "rtbassoc_09358be110c068e24",
      "provider": "provider[\"registry.terraform.io/hashicorp/aws\"]",
      "instances": [
        {
          "schema_version": 0,
          "attributes": {
            "gateway_id": "",
            "id": "rtbassoc-09358be110c068e24",
            "route_table_id": "rtb-0b69ef69e0995469a",
            "subnet_id": "subnet-08f964badcff95e70",
            "timeouts": null
          },
          "sensitive_attributes": []
        }
      ]
    },
    {
      "mode": "managed",
      "type": "aws_route_table_association",
      "name": "rtbassoc_0971725bd74cdc053",
      "provider": "provider[\"registry.terraform.io/hashicorp/aws\"]",
      "instances": [
        {
          "schema_version": 0,
          "attributes": {
            "gateway_id": "",
            "id": "rtbassoc-0971725bd74cdc053",
            "route_table_id": "rtb-01b841faa1acf44ab",
            "subnet_id": "subnet-04e27b7af0a76d7ee",
            "timeouts": null
          },
          "sensitive_attributes": []
        }
      ]
    },
    {
      "mode": "managed",
      "type": "aws_route_table_association",
      "name": "rtbassoc_09d38cf3a7cb8ad96",
      "provider": "provider[\"registry.terraform.io/hashicorp/aws\"]",
      "instances": [
        {
          "schema_version": 0,
          "attributes": {
            "gateway_id": "",
            "id": "rtbassoc-09d38cf3a7cb8ad96",
            "route_table_id": "rtb-0b69ef69e0995469a",
            "subnet_id": "subnet-0a92863259a3cd002",
            "timeouts": null
          },
          "sensitive_attributes": []
        }
      ]
    },
    {
      "mode": "managed",
      "type": "aws_route_table_association",
      "name": "rtbassoc_0a2a72809b8cf4006",
      "provider": "provider[\"registry.terraform.io/hashicorp/aws\"]",
      "instances": [
        {
          "schema_version": 0,
          "attributes": {
            "gateway_id": "",
            "id": "rtbassoc-0a2a72809b8cf4006",
            "route_table_id": "rtb-0f8e708d7686aeffe",
            "subnet_id": "subnet-05abe9522c20e70aa",
            "timeouts": null
          },
          "sensitive_attributes": []
        }
      ]
    },
    {
      "mode": "managed",
      "type": "aws_route_table_association",
      "name": "rtbassoc_0dfa1b38d0e63d84f",
      "provider": "provider[\"registry.terraform.io/hashicorp/aws\"]",
      "instances": [
        {
          "schema_version": 0,
          "attributes": {
            "gateway_id": "",
            "id": "rtbassoc-0dfa1b38d0e63d84f",
            "route_table_id": "rtb-0c3d02600a29b9644",
            "subnet_id": "subnet-05203dc92b0823553",
            "timeouts": null
          },
          "sensitive_attributes": []
        }
      ]
    },
    {
      "mode": "managed",
      "type": "aws_security_group",
      "name": "sg_006b0c4ba4ce0eed7",
      "provider": "provider[\"registry.terraform.io/hashicorp/aws\"]",
      "instances": [
        {
          "schema_version": 1,
          "attributes": {
            "arn": "arn:aws-us-gov:ec2:us-gov-west-1:050779347855:security-group/sg-006b0c4ba4ce0eed7",
            "description": "Load Balancer Security Group",
            "egress": [
              {
                "cidr_blocks": [
                  "0.0.0.0/0"
                ],
                "description": "",
                "from_port": 443,
                "ipv6_cidr_blocks": [],
                "prefix_list_ids": [],
                "protocol": "tcp",
                "security_groups": [],
                "self": false,
                "to_port": 443
              },
              {
                "cidr_blocks": [
                  "0.0.0.0/0"
                ],
                "description": "",
                "from_port": 80,
                "ipv6_cidr_blocks": [],
                "prefix_list_ids": [],
                "protocol": "tcp",
                "security_groups": [],
                "self": false,
                "to_port": 80
              }
            ],
            "id": "sg-006b0c4ba4ce0eed7",
            "ingress": [
              {
                "cidr_blocks": [
                  "0.0.0.0/0"
                ],
                "description": "",
                "from_port": 443,
                "ipv6_cidr_blocks": [],
                "prefix_list_ids": [],
                "protocol": "tcp",
                "security_groups": [],
                "self": false,
                "to_port": 443
              },
              {
                "cidr_blocks": [
                  "0.0.0.0/0"
                ],
                "description": "",
                "from_port": 80,
                "ipv6_cidr_blocks": [],
                "prefix_list_ids": [],
                "protocol": "tcp",
                "security_groups": [],
                "self": false,
                "to_port": 80
              }
            ],
            "name": "awseb-e-bmqqxwyjst-stack-AWSEBLoadBalancerSecurityGroup-FWHDW1BY8OA1",
            "name_prefix": "",
            "owner_id": "050779347855",
            "revoke_rules_on_delete": null,
            "tags": {
              "Name": "form-service-blue",
              "elasticbeanstalk:environment-id": "e-bmqqxwyjst",
              "elasticbeanstalk:environment-name": "form-service-blue"
            },
            "tags_all": {
              "Name": "form-service-blue",
              "elasticbeanstalk:environment-id": "e-bmqqxwyjst",
              "elasticbeanstalk:environment-name": "form-service-blue"
            },
            "timeouts": null,
            "vpc_id": "vpc-0bd9acb7990b4154d"
          },
          "sensitive_attributes": []
        }
      ]
    },
    {
      "mode": "managed",
      "type": "aws_security_group",
      "name": "sg_00980b7da446e1fe7",
      "provider": "provider[\"registry.terraform.io/hashicorp/aws\"]",
      "instances": [
        {
          "schema_version": 1,
          "attributes": {
            "arn": "arn:aws-us-gov:ec2:us-gov-west-1:050779347855:security-group/sg-00980b7da446e1fe7",
            "description": "VPC Security Group",
            "egress": [
              {
                "cidr_blocks": [
                  "0.0.0.0/0"
                ],
                "description": "",
                "from_port": 0,
                "ipv6_cidr_blocks": [],
                "prefix_list_ids": [],
                "protocol": "-1",
                "security_groups": [],
                "self": false,
                "to_port": 0
              }
            ],
            "id": "sg-00980b7da446e1fe7",
            "ingress": [
              {
                "cidr_blocks": [
                  "10.21.0.0/16"
                ],
                "description": "",
                "from_port": 80,
                "ipv6_cidr_blocks": [],
                "prefix_list_ids": [],
                "protocol": "tcp",
                "security_groups": [
                  "sg-057a681c0afce6d70"
                ],
                "self": false,
                "to_port": 80
              },
              {
                "cidr_blocks": [],
                "description": "",
                "from_port": 443,
                "ipv6_cidr_blocks": [],
                "prefix_list_ids": [],
                "protocol": "tcp",
                "security_groups": [
                  "sg-057a681c0afce6d70"
                ],
                "self": false,
                "to_port": 443
              }
            ],
            "name": "awseb-e-xmec4epg3c-stack-AWSEBSecurityGroup-1O1IDZT9V9T0S",
            "name_prefix": "",
            "owner_id": "050779347855",
            "revoke_rules_on_delete": null,
            "tags": {
              "Name": "book-service-green",
              "elasticbeanstalk:environment-id": "e-xmec4epg3c",
              "elasticbeanstalk:environment-name": "book-service-green"
            },
            "tags_all": {
              "Name": "book-service-green",
              "elasticbeanstalk:environment-id": "e-xmec4epg3c",
              "elasticbeanstalk:environment-name": "book-service-green"
            },
            "timeouts": null,
            "vpc_id": "vpc-0bd9acb7990b4154d"
          },
          "sensitive_attributes": []
        }
      ]
    },
    {
      "mode": "managed",
      "type": "aws_security_group",
      "name": "sg_00a3f418f039eac2a",
      "provider": "provider[\"registry.terraform.io/hashicorp/aws\"]",
      "instances": [
        {
          "schema_version": 1,
          "attributes": {
            "arn": "arn:aws-us-gov:ec2:us-gov-west-1:050779347855:security-group/sg-00a3f418f039eac2a",
            "description": "VPC Security Group",
            "egress": [
              {
                "cidr_blocks": [
                  "0.0.0.0/0"
                ],
                "description": "",
                "from_port": 0,
                "ipv6_cidr_blocks": [],
                "prefix_list_ids": [],
                "protocol": "-1",
                "security_groups": [],
                "self": false,
                "to_port": 0
              }
            ],
            "id": "sg-00a3f418f039eac2a",
            "ingress": [
              {
                "cidr_blocks": [
                  "10.21.0.0/16"
                ],
                "description": "",
                "from_port": 80,
                "ipv6_cidr_blocks": [],
                "prefix_list_ids": [],
                "protocol": "tcp",
                "security_groups": [
                  "sg-0ce67711c9eb8e894"
                ],
                "self": false,
                "to_port": 80
              },
              {
                "cidr_blocks": [],
                "description": "",
                "from_port": 443,
                "ipv6_cidr_blocks": [],
                "prefix_list_ids": [],
                "protocol": "tcp",
                "security_groups": [
                  "sg-0ce67711c9eb8e894"
                ],
                "self": false,
                "to_port": 443
              }
            ],
            "name": "awseb-e-pcw37ypdme-stack-AWSEBSecurityGroup-1ED2KVMAVR1ZK",
            "name_prefix": "",
            "owner_id": "050779347855",
            "revoke_rules_on_delete": null,
            "tags": {
              "Name": "mobile-client-gateway-blue",
              "elasticbeanstalk:environment-id": "e-pcw37ypdme",
              "elasticbeanstalk:environment-name": "mobile-client-gateway-blue"
            },
            "tags_all": {
              "Name": "mobile-client-gateway-blue",
              "elasticbeanstalk:environment-id": "e-pcw37ypdme",
              "elasticbeanstalk:environment-name": "mobile-client-gateway-blue"
            },
            "timeouts": null,
            "vpc_id": "vpc-0bd9acb7990b4154d"
          },
          "sensitive_attributes": []
        }
      ]
    },
    {
      "mode": "managed",
      "type": "aws_security_group",
      "name": "sg_00d2e39f749c9f80c",
      "provider": "provider[\"registry.terraform.io/hashicorp/aws\"]",
      "instances": [
        {
          "schema_version": 1,
          "attributes": {
            "arn": "arn:aws-us-gov:ec2:us-gov-west-1:050779347855:security-group/sg-00d2e39f749c9f80c",
            "description": "Security group for running Jenkins slaves",
            "egress": [
              {
                "cidr_blocks": [
                  "0.0.0.0/0"
                ],
                "description": "",
                "from_port": 0,
                "ipv6_cidr_blocks": [],
                "prefix_list_ids": [],
                "protocol": "-1",
                "security_groups": [],
                "self": false,
                "to_port": 0
              }
            ],
            "id": "sg-00d2e39f749c9f80c",
            "ingress": [
              {
                "cidr_blocks": [],
                "description": "Jenkins Master SSH",
                "from_port": 22,
                "ipv6_cidr_blocks": [],
                "prefix_list_ids": [],
                "protocol": "tcp",
                "security_groups": [
                  "sg-06d03510b3f32b683"
                ],
                "self": false,
                "to_port": 22
              }
            ],
            "name": "JenkinsSlave",
            "name_prefix": "",
            "owner_id": "050779347855",
            "revoke_rules_on_delete": null,
            "tags": {
              "DeploymentEnvironment": "DeveloperTools",
              "Name": "JenkinsSlave"
            },
            "tags_all": {
              "DeploymentEnvironment": "DeveloperTools",
              "Name": "JenkinsSlave"
            },
            "timeouts": null,
            "vpc_id": "vpc-0c883d416072b2572"
          },
          "sensitive_attributes": []
        }
      ]
    },
    {
      "mode": "managed",
      "type": "aws_security_group",
      "name": "sg_00e4e569f9e6920de",
      "provider": "provider[\"registry.terraform.io/hashicorp/aws\"]",
      "instances": [
        {
          "schema_version": 1,
          "attributes": {
            "arn": "arn:aws-us-gov:ec2:us-gov-west-1:050779347855:security-group/sg-00e4e569f9e6920de",
            "description": "Load Balancer Security Group",
            "egress": [
              {
                "cidr_blocks": [
                  "0.0.0.0/0"
                ],
                "description": "",
                "from_port": 443,
                "ipv6_cidr_blocks": [],
                "prefix_list_ids": [],
                "protocol": "tcp",
                "security_groups": [],
                "self": false,
                "to_port": 443
              },
              {
                "cidr_blocks": [
                  "0.0.0.0/0"
                ],
                "description": "",
                "from_port": 80,
                "ipv6_cidr_blocks": [],
                "prefix_list_ids": [],
                "protocol": "tcp",
                "security_groups": [],
                "self": false,
                "to_port": 80
              }
            ],
            "id": "sg-00e4e569f9e6920de",
            "ingress": [
              {
                "cidr_blocks": [
                  "0.0.0.0/0"
                ],
                "description": "",
                "from_port": 443,
                "ipv6_cidr_blocks": [],
                "prefix_list_ids": [],
                "protocol": "tcp",
                "security_groups": [],
                "self": false,
                "to_port": 443
              },
              {
                "cidr_blocks": [
                  "0.0.0.0/0"
                ],
                "description": "",
                "from_port": 80,
                "ipv6_cidr_blocks": [],
                "prefix_list_ids": [],
                "protocol": "tcp",
                "security_groups": [],
                "self": false,
                "to_port": 80
              }
            ],
            "name": "awseb-e-yd9s5vvfgp-stack-AWSEBLoadBalancerSecurityGroup-1QF9KWD4SQCMR",
            "name_prefix": "",
            "owner_id": "050779347855",
            "revoke_rules_on_delete": null,
            "tags": {
              "Name": "internal-services-gateway-green",
              "elasticbeanstalk:environment-id": "e-yd9s5vvfgp",
              "elasticbeanstalk:environment-name": "internal-services-gateway-green"
            },
            "tags_all": {
              "Name": "internal-services-gateway-green",
              "elasticbeanstalk:environment-id": "e-yd9s5vvfgp",
              "elasticbeanstalk:environment-name": "internal-services-gateway-green"
            },
            "timeouts": null,
            "vpc_id": "vpc-0bd9acb7990b4154d"
          },
          "sensitive_attributes": []
        }
      ]
    },
    {
      "mode": "managed",
      "type": "aws_security_group",
      "name": "sg_01c091d8d9e740817",
      "provider": "provider[\"registry.terraform.io/hashicorp/aws\"]",
      "instances": [
        {
          "schema_version": 1,
          "attributes": {
            "arn": "arn:aws-us-gov:ec2:us-gov-west-1:050779347855:security-group/sg-01c091d8d9e740817",
            "description": "Load Balancer Security Group",
            "egress": [
              {
                "cidr_blocks": [
                  "0.0.0.0/0"
                ],
                "description": "",
                "from_port": 443,
                "ipv6_cidr_blocks": [],
                "prefix_list_ids": [],
                "protocol": "tcp",
                "security_groups": [],
                "self": false,
                "to_port": 443
              },
              {
                "cidr_blocks": [
                  "0.0.0.0/0"
                ],
                "description": "",
                "from_port": 80,
                "ipv6_cidr_blocks": [],
                "prefix_list_ids": [],
                "protocol": "tcp",
                "security_groups": [],
                "self": false,
                "to_port": 80
              }
            ],
            "id": "sg-01c091d8d9e740817",
            "ingress": [
              {
                "cidr_blocks": [
                  "0.0.0.0/0"
                ],
                "description": "",
                "from_port": 443,
                "ipv6_cidr_blocks": [],
                "prefix_list_ids": [],
                "protocol": "tcp",
                "security_groups": [],
                "self": false,
                "to_port": 443
              },
              {
                "cidr_blocks": [
                  "0.0.0.0/0"
                ],
                "description": "",
                "from_port": 80,
                "ipv6_cidr_blocks": [],
                "prefix_list_ids": [],
                "protocol": "tcp",
                "security_groups": [],
                "self": false,
                "to_port": 80
              }
            ],
            "name": "awseb-e-jhagz8maay-stack-AWSEBLoadBalancerSecurityGroup-57LAR2W8CJUQ",
            "name_prefix": "",
            "owner_id": "050779347855",
            "revoke_rules_on_delete": null,
            "tags": {
              "Name": "market-service-green",
              "elasticbeanstalk:environment-id": "e-jhagz8maay",
              "elasticbeanstalk:environment-name": "market-service-green"
            },
            "tags_all": {
              "Name": "market-service-green",
              "elasticbeanstalk:environment-id": "e-jhagz8maay",
              "elasticbeanstalk:environment-name": "market-service-green"
            },
            "timeouts": null,
            "vpc_id": "vpc-0bd9acb7990b4154d"
          },
          "sensitive_attributes": []
        }
      ]
    },
    {
      "mode": "managed",
      "type": "aws_security_group",
      "name": "sg_01d6cae62e5454846",
      "provider": "provider[\"registry.terraform.io/hashicorp/aws\"]",
      "instances": [
        {
          "schema_version": 1,
          "attributes": {
            "arn": "arn:aws-us-gov:ec2:us-gov-west-1:050779347855:security-group/sg-01d6cae62e5454846",
            "description": "A security group allowing SSH access from Allogy users locations. Use the AWS console or CLI to update your IP address. Also include your name in the Rule description.",
            "egress": [
              {
                "cidr_blocks": [
                  "0.0.0.0/0"
                ],
                "description": "",
                "from_port": 0,
                "ipv6_cidr_blocks": [],
                "prefix_list_ids": [],
                "protocol": "-1",
                "security_groups": [],
                "self": false,
                "to_port": 0
              }
            ],
            "id": "sg-01d6cae62e5454846",
            "ingress": [],
            "name": "ssh-allogy-developer",
            "name_prefix": "",
            "owner_id": "050779347855",
            "revoke_rules_on_delete": null,
            "tags": {
              "Access": "Developer",
              "DeploymentEnvironment": "DeveloperTools",
              "Name": "ssh-allogy-developer"
            },
            "tags_all": {
              "Access": "Developer",
              "DeploymentEnvironment": "DeveloperTools",
              "Name": "ssh-allogy-developer"
            },
            "timeouts": null,
            "vpc_id": "vpc-0c883d416072b2572"
          },
          "sensitive_attributes": []
        }
      ]
    },
    {
      "mode": "managed",
      "type": "aws_security_group",
      "name": "sg_0225c1bf65436ba5e",
      "provider": "provider[\"registry.terraform.io/hashicorp/aws\"]",
      "instances": [
        {
          "schema_version": 1,
          "attributes": {
            "arn": "arn:aws-us-gov:ec2:us-gov-west-1:050779347855:security-group/sg-0225c1bf65436ba5e",
            "description": "default VPC security group",
            "egress": [],
            "id": "sg-0225c1bf65436ba5e",
            "ingress": [],
            "name": "default",
            "name_prefix": "",
            "owner_id": "050779347855",
            "revoke_rules_on_delete": null,
            "tags": {},
            "tags_all": {},
            "timeouts": null,
            "vpc_id": "vpc-0bd9acb7990b4154d"
          },
          "sensitive_attributes": []
        }
      ]
    },
    {
      "mode": "managed",
      "type": "aws_security_group",
      "name": "sg_026b3cb094746c939",
      "provider": "provider[\"registry.terraform.io/hashicorp/aws\"]",
      "instances": [
        {
          "schema_version": 1,
          "attributes": {
            "arn": "arn:aws-us-gov:ec2:us-gov-west-1:050779347855:security-group/sg-026b3cb094746c939",
            "description": "VPC Security Group",
            "egress": [
              {
                "cidr_blocks": [
                  "0.0.0.0/0"
                ],
                "description": "",
                "from_port": 0,
                "ipv6_cidr_blocks": [],
                "prefix_list_ids": [],
                "protocol": "-1",
                "security_groups": [],
                "self": false,
                "to_port": 0
              }
            ],
            "id": "sg-026b3cb094746c939",
            "ingress": [
              {
                "cidr_blocks": [
                  "10.21.0.0/16"
                ],
                "description": "",
                "from_port": 80,
                "ipv6_cidr_blocks": [],
                "prefix_list_ids": [],
                "protocol": "tcp",
                "security_groups": [
                  "sg-01c091d8d9e740817"
                ],
                "self": false,
                "to_port": 80
              },
              {
                "cidr_blocks": [],
                "description": "",
                "from_port": 443,
                "ipv6_cidr_blocks": [],
                "prefix_list_ids": [],
                "protocol": "tcp",
                "security_groups": [
                  "sg-01c091d8d9e740817"
                ],
                "self": false,
                "to_port": 443
              }
            ],
            "name": "awseb-e-jhagz8maay-stack-AWSEBSecurityGroup-1J91QVDTXRKXL",
            "name_prefix": "",
            "owner_id": "050779347855",
            "revoke_rules_on_delete": null,
            "tags": {
              "Name": "market-service-green",
              "elasticbeanstalk:environment-id": "e-jhagz8maay",
              "elasticbeanstalk:environment-name": "market-service-green"
            },
            "tags_all": {
              "Name": "market-service-green",
              "elasticbeanstalk:environment-id": "e-jhagz8maay",
              "elasticbeanstalk:environment-name": "market-service-green"
            },
            "timeouts": null,
            "vpc_id": "vpc-0bd9acb7990b4154d"
          },
          "sensitive_attributes": []
        }
      ]
    },
    {
      "mode": "managed",
      "type": "aws_security_group",
      "name": "sg_0296b2368533e84a8",
      "provider": "provider[\"registry.terraform.io/hashicorp/aws\"]",
      "instances": [
        {
          "schema_version": 1,
          "attributes": {
            "arn": "arn:aws-us-gov:ec2:us-gov-west-1:050779347855:security-group/sg-0296b2368533e84a8",
            "description": "VPC Security Group",
            "egress": [
              {
                "cidr_blocks": [
                  "0.0.0.0/0"
                ],
                "description": "",
                "from_port": 0,
                "ipv6_cidr_blocks": [],
                "prefix_list_ids": [],
                "protocol": "-1",
                "security_groups": [],
                "self": false,
                "to_port": 0
              }
            ],
            "id": "sg-0296b2368533e84a8",
            "ingress": [
              {
                "cidr_blocks": [
                  "10.21.0.0/16"
                ],
                "description": "",
                "from_port": 80,
                "ipv6_cidr_blocks": [],
                "prefix_list_ids": [],
                "protocol": "tcp",
                "security_groups": [
                  "sg-07f009cc182a06a04"
                ],
                "self": false,
                "to_port": 80
              },
              {
                "cidr_blocks": [],
                "description": "",
                "from_port": 443,
                "ipv6_cidr_blocks": [],
                "prefix_list_ids": [],
                "protocol": "tcp",
                "security_groups": [
                  "sg-07f009cc182a06a04"
                ],
                "self": false,
                "to_port": 443
              }
            ],
            "name": "awseb-e-jgrjparfpf-stack-AWSEBSecurityGroup-1523SAO8XQHMM",
            "name_prefix": "",
            "owner_id": "050779347855",
            "revoke_rules_on_delete": null,
            "tags": {
              "Name": "dbt-clinician-web-green",
              "elasticbeanstalk:environment-id": "e-jgrjparfpf",
              "elasticbeanstalk:environment-name": "dbt-clinician-web-green"
            },
            "tags_all": {
              "Name": "dbt-clinician-web-green",
              "elasticbeanstalk:environment-id": "e-jgrjparfpf",
              "elasticbeanstalk:environment-name": "dbt-clinician-web-green"
            },
            "timeouts": null,
            "vpc_id": "vpc-0bd9acb7990b4154d"
          },
          "sensitive_attributes": []
        }
      ]
    },
    {
      "mode": "managed",
      "type": "aws_security_group",
      "name": "sg_02b8e9f6f4fa195b6",
      "provider": "provider[\"registry.terraform.io/hashicorp/aws\"]",
      "instances": [
        {
          "schema_version": 1,
          "attributes": {
            "arn": "arn:aws-us-gov:ec2:us-gov-west-1:050779347855:security-group/sg-02b8e9f6f4fa195b6",
            "description": "Load Balancer Security Group",
            "egress": [
              {
                "cidr_blocks": [
                  "0.0.0.0/0"
                ],
                "description": "",
                "from_port": 443,
                "ipv6_cidr_blocks": [],
                "prefix_list_ids": [],
                "protocol": "tcp",
                "security_groups": [],
                "self": false,
                "to_port": 443
              },
              {
                "cidr_blocks": [
                  "0.0.0.0/0"
                ],
                "description": "",
                "from_port": 80,
                "ipv6_cidr_blocks": [],
                "prefix_list_ids": [],
                "protocol": "tcp",
                "security_groups": [],
                "self": false,
                "to_port": 80
              }
            ],
            "id": "sg-02b8e9f6f4fa195b6",
            "ingress": [
              {
                "cidr_blocks": [
                  "0.0.0.0/0"
                ],
                "description": "",
                "from_port": 443,
                "ipv6_cidr_blocks": [],
                "prefix_list_ids": [],
                "protocol": "tcp",
                "security_groups": [],
                "self": false,
                "to_port": 443
              },
              {
                "cidr_blocks": [
                  "0.0.0.0/0"
                ],
                "description": "",
                "from_port": 80,
                "ipv6_cidr_blocks": [],
                "prefix_list_ids": [],
                "protocol": "tcp",
                "security_groups": [],
                "self": false,
                "to_port": 80
              }
            ],
            "name": "awseb-e-59p3bpnwec-stack-AWSEBLoadBalancerSecurityGroup-5520KG08CFYV",
            "name_prefix": "",
            "owner_id": "050779347855",
            "revoke_rules_on_delete": null,
            "tags": {
              "Name": "learner-web-ui-gateway-blue",
              "elasticbeanstalk:environment-id": "e-59p3bpnwec",
              "elasticbeanstalk:environment-name": "learner-web-ui-gateway-blue"
            },
            "tags_all": {
              "Name": "learner-web-ui-gateway-blue",
              "elasticbeanstalk:environment-id": "e-59p3bpnwec",
              "elasticbeanstalk:environment-name": "learner-web-ui-gateway-blue"
            },
            "timeouts": null,
            "vpc_id": "vpc-0bd9acb7990b4154d"
          },
          "sensitive_attributes": []
        }
      ]
    },
    {
      "mode": "managed",
      "type": "aws_security_group",
      "name": "sg_0313ffdf68606e618",
      "provider": "provider[\"registry.terraform.io/hashicorp/aws\"]",
      "instances": [
        {
          "schema_version": 1,
          "attributes": {
            "arn": "arn:aws-us-gov:ec2:us-gov-west-1:050779347855:security-group/sg-0313ffdf68606e618",
            "description": "A security group allowing SSH access from Allogy users locations. Use the AWS console or CLI to update your IP address. Also include your name in the Rule description.",
            "egress": [
              {
                "cidr_blocks": [
                  "0.0.0.0/0"
                ],
                "description": "",
                "from_port": 0,
                "ipv6_cidr_blocks": [],
                "prefix_list_ids": [],
                "protocol": "-1",
                "security_groups": [],
                "self": false,
                "to_port": 0
              }
            ],
            "id": "sg-0313ffdf68606e618",
            "ingress": [
              {
                "cidr_blocks": [
                  "136.49.26.165/32"
                ],
                "description": "David Venable - Home",
                "from_port": 22,
                "ipv6_cidr_blocks": [],
                "prefix_list_ids": [],
                "protocol": "tcp",
                "security_groups": [],
                "self": false,
                "to_port": 22
              },
              {
                "cidr_blocks": [
                  "76.247.70.53/32"
                ],
                "description": "Payal Pandey - Home",
                "from_port": 22,
                "ipv6_cidr_blocks": [],
                "prefix_list_ids": [],
                "protocol": "tcp",
                "security_groups": [],
                "self": false,
                "to_port": 22
              },
              {
                "cidr_blocks": [
                  "99.106.205.90/32"
                ],
                "description": "Luke Read - Home",
                "from_port": 22,
                "ipv6_cidr_blocks": [],
                "prefix_list_ids": [],
                "protocol": "tcp",
                "security_groups": [],
                "self": false,
                "to_port": 22
              }
            ],
            "name": "production-AllogyDeveloperSSH",
            "name_prefix": "",
            "owner_id": "050779347855",
            "revoke_rules_on_delete": null,
            "tags": {
              "DeploymentEnvironment": "production",
              "Name": "production-AllogyDeveloperSSH"
            },
            "tags_all": {
              "DeploymentEnvironment": "production",
              "Name": "production-AllogyDeveloperSSH"
            },
            "timeouts": null,
            "vpc_id": "vpc-0bd9acb7990b4154d"
          },
          "sensitive_attributes": []
        }
      ]
    },
    {
      "mode": "managed",
      "type": "aws_security_group",
      "name": "sg_03365a1e4d5ef869d",
      "provider": "provider[\"registry.terraform.io/hashicorp/aws\"]",
      "instances": [
        {
          "schema_version": 1,
          "attributes": {
            "arn": "arn:aws-us-gov:ec2:us-gov-west-1:050779347855:security-group/sg-03365a1e4d5ef869d",
            "description": "Security group for a standard public-facing, web load balancer",
            "egress": [
              {
                "cidr_blocks": [
                  "0.0.0.0/0"
                ],
                "description": "",
                "from_port": 0,
                "ipv6_cidr_blocks": [],
                "prefix_list_ids": [],
                "protocol": "-1",
                "security_groups": [],
                "self": false,
                "to_port": 0
              }
            ],
            "id": "sg-03365a1e4d5ef869d",
            "ingress": [
              {
                "cidr_blocks": [
                  "0.0.0.0/0"
                ],
                "description": "HTTP",
                "from_port": 80,
                "ipv6_cidr_blocks": [
                  "::/0"
                ],
                "prefix_list_ids": [],
                "protocol": "tcp",
                "security_groups": [],
                "self": false,
                "to_port": 80
              },
              {
                "cidr_blocks": [
                  "0.0.0.0/0"
                ],
                "description": "HTTPS",
                "from_port": 443,
                "ipv6_cidr_blocks": [
                  "::/0"
                ],
                "prefix_list_ids": [],
                "protocol": "tcp",
                "security_groups": [],
                "self": false,
                "to_port": 443
              }
            ],
            "name": "ThirdParty-PublicWeb",
            "name_prefix": "",
            "owner_id": "050779347855",
            "revoke_rules_on_delete": null,
            "tags": {
              "DeploymentEnvironment": "ThirdParty",
              "Name": "ThirdParty-PublicWeb"
            },
            "tags_all": {
              "DeploymentEnvironment": "ThirdParty",
              "Name": "ThirdParty-PublicWeb"
            },
            "timeouts": null,
            "vpc_id": "vpc-062a9bb71430eda86"
          },
          "sensitive_attributes": []
        }
      ]
    },
    {
      "mode": "managed",
      "type": "aws_security_group",
      "name": "sg_034a6ff43d0aa2770",
      "provider": "provider[\"registry.terraform.io/hashicorp/aws\"]",
      "instances": [
        {
          "schema_version": 1,
          "attributes": {
            "arn": "arn:aws-us-gov:ec2:us-gov-west-1:050779347855:security-group/sg-034a6ff43d0aa2770",
            "description": "VPC Security Group",
            "egress": [
              {
                "cidr_blocks": [
                  "0.0.0.0/0"
                ],
                "description": "",
                "from_port": 0,
                "ipv6_cidr_blocks": [],
                "prefix_list_ids": [],
                "protocol": "-1",
                "security_groups": [],
                "self": false,
                "to_port": 0
              }
            ],
            "id": "sg-034a6ff43d0aa2770",
            "ingress": [
              {
                "cidr_blocks": [],
                "description": "",
                "from_port": 443,
                "ipv6_cidr_blocks": [],
                "prefix_list_ids": [],
                "protocol": "tcp",
                "security_groups": [
                  "sg-0e3da0334f6f1024d"
                ],
                "self": false,
                "to_port": 443
              },
              {
                "cidr_blocks": [],
                "description": "",
                "from_port": 80,
                "ipv6_cidr_blocks": [],
                "prefix_list_ids": [],
                "protocol": "tcp",
                "security_groups": [
                  "sg-0e3da0334f6f1024d"
                ],
                "self": false,
                "to_port": 80
              }
            ],
            "name": "awseb-e-fbj96npvkw-stack-AWSEBSecurityGroup-1O9PC0PTM9LHR",
            "name_prefix": "",
            "owner_id": "050779347855",
            "revoke_rules_on_delete": null,
            "tags": {
              "Name": "identity-service-blue",
              "elasticbeanstalk:environment-id": "e-fbj96npvkw",
              "elasticbeanstalk:environment-name": "identity-service-blue"
            },
            "tags_all": {
              "Name": "identity-service-blue",
              "elasticbeanstalk:environment-id": "e-fbj96npvkw",
              "elasticbeanstalk:environment-name": "identity-service-blue"
            },
            "timeouts": null,
            "vpc_id": "vpc-0bd9acb7990b4154d"
          },
          "sensitive_attributes": []
        }
      ]
    },
    {
      "mode": "managed",
      "type": "aws_security_group",
      "name": "sg_03769d92c81a37e14",
      "provider": "provider[\"registry.terraform.io/hashicorp/aws\"]",
      "instances": [
        {
          "schema_version": 1,
          "attributes": {
            "arn": "arn:aws-us-gov:ec2:us-gov-west-1:050779347855:security-group/sg-03769d92c81a37e14",
            "description": "service-infrastructure-internal",
            "egress": [
              {
                "cidr_blocks": [
                  "0.0.0.0/0"
                ],
                "description": "",
                "from_port": 0,
                "ipv6_cidr_blocks": [],
                "prefix_list_ids": [],
                "protocol": "-1",
                "security_groups": [],
                "self": false,
                "to_port": 0
              }
            ],
            "id": "sg-03769d92c81a37e14",
            "ingress": [
              {
                "cidr_blocks": [
                  "10.21.0.0/16"
                ],
                "description": "",
                "from_port": 443,
                "ipv6_cidr_blocks": [],
                "prefix_list_ids": [],
                "protocol": "tcp",
                "security_groups": [],
                "self": false,
                "to_port": 443
              },
              {
                "cidr_blocks": [
                  "10.21.0.0/16"
                ],
                "description": "",
                "from_port": 80,
                "ipv6_cidr_blocks": [],
                "prefix_list_ids": [],
                "protocol": "tcp",
                "security_groups": [],
                "self": false,
                "to_port": 80
              },
              {
                "cidr_blocks": [
                  "10.21.0.0/16"
                ],
                "description": "Spring Cloud Config Server",
                "from_port": 8888,
                "ipv6_cidr_blocks": [],
                "prefix_list_ids": [],
                "protocol": "tcp",
                "security_groups": [],
                "self": false,
                "to_port": 8888
              }
            ],
            "name": "service-infrastructure-internal",
            "name_prefix": "",
            "owner_id": "050779347855",
            "revoke_rules_on_delete": null,
            "tags": {},
            "tags_all": {},
            "timeouts": null,
            "vpc_id": "vpc-0bd9acb7990b4154d"
          },
          "sensitive_attributes": []
        }
      ]
    },
    {
      "mode": "managed",
      "type": "aws_security_group",
      "name": "sg_0453e5789d4470402",
      "provider": "provider[\"registry.terraform.io/hashicorp/aws\"]",
      "instances": [
        {
          "schema_version": 1,
          "attributes": {
            "arn": "arn:aws-us-gov:ec2:us-gov-west-1:050779347855:security-group/sg-0453e5789d4470402",
            "description": "default VPC security group",
            "egress": [],
            "id": "sg-0453e5789d4470402",
            "ingress": [],
            "name": "default",
            "name_prefix": "",
            "owner_id": "050779347855",
            "revoke_rules_on_delete": null,
            "tags": {},
            "tags_all": {},
            "timeouts": null,
            "vpc_id": "vpc-0c883d416072b2572"
          },
          "sensitive_attributes": []
        }
      ]
    },
    {
      "mode": "managed",
      "type": "aws_security_group",
      "name": "sg_057a681c0afce6d70",
      "provider": "provider[\"registry.terraform.io/hashicorp/aws\"]",
      "instances": [
        {
          "schema_version": 1,
          "attributes": {
            "arn": "arn:aws-us-gov:ec2:us-gov-west-1:050779347855:security-group/sg-057a681c0afce6d70",
            "description": "Load Balancer Security Group",
            "egress": [
              {
                "cidr_blocks": [
                  "0.0.0.0/0"
                ],
                "description": "",
                "from_port": 443,
                "ipv6_cidr_blocks": [],
                "prefix_list_ids": [],
                "protocol": "tcp",
                "security_groups": [],
                "self": false,
                "to_port": 443
              },
              {
                "cidr_blocks": [
                  "0.0.0.0/0"
                ],
                "description": "",
                "from_port": 80,
                "ipv6_cidr_blocks": [],
                "prefix_list_ids": [],
                "protocol": "tcp",
                "security_groups": [],
                "self": false,
                "to_port": 80
              }
            ],
            "id": "sg-057a681c0afce6d70",
            "ingress": [
              {
                "cidr_blocks": [
                  "0.0.0.0/0"
                ],
                "description": "",
                "from_port": 443,
                "ipv6_cidr_blocks": [],
                "prefix_list_ids": [],
                "protocol": "tcp",
                "security_groups": [],
                "self": false,
                "to_port": 443
              },
              {
                "cidr_blocks": [
                  "0.0.0.0/0"
                ],
                "description": "",
                "from_port": 80,
                "ipv6_cidr_blocks": [],
                "prefix_list_ids": [],
                "protocol": "tcp",
                "security_groups": [],
                "self": false,
                "to_port": 80
              }
            ],
            "name": "awseb-e-xmec4epg3c-stack-AWSEBLoadBalancerSecurityGroup-7OZ7D9M4HKED",
            "name_prefix": "",
            "owner_id": "050779347855",
            "revoke_rules_on_delete": null,
            "tags": {
              "Name": "book-service-green",
              "elasticbeanstalk:environment-id": "e-xmec4epg3c",
              "elasticbeanstalk:environment-name": "book-service-green"
            },
            "tags_all": {
              "Name": "book-service-green",
              "elasticbeanstalk:environment-id": "e-xmec4epg3c",
              "elasticbeanstalk:environment-name": "book-service-green"
            },
            "timeouts": null,
            "vpc_id": "vpc-0bd9acb7990b4154d"
          },
          "sensitive_attributes": []
        }
      ]
    },
    {
      "mode": "managed",
      "type": "aws_security_group",
      "name": "sg_05b689cdd90002026",
      "provider": "provider[\"registry.terraform.io/hashicorp/aws\"]",
      "instances": [
        {
          "schema_version": 1,
          "attributes": {
            "arn": "arn:aws-us-gov:ec2:us-gov-west-1:050779347855:security-group/sg-05b689cdd90002026",
            "description": "Load Balancer Security Group",
            "egress": [
              {
                "cidr_blocks": [
                  "0.0.0.0/0"
                ],
                "description": "",
                "from_port": 443,
                "ipv6_cidr_blocks": [],
                "prefix_list_ids": [],
                "protocol": "tcp",
                "security_groups": [],
                "self": false,
                "to_port": 443
              },
              {
                "cidr_blocks": [
                  "0.0.0.0/0"
                ],
                "description": "",
                "from_port": 80,
                "ipv6_cidr_blocks": [],
                "prefix_list_ids": [],
                "protocol": "tcp",
                "security_groups": [],
                "self": false,
                "to_port": 80
              }
            ],
            "id": "sg-05b689cdd90002026",
            "ingress": [
              {
                "cidr_blocks": [
                  "0.0.0.0/0"
                ],
                "description": "",
                "from_port": 443,
                "ipv6_cidr_blocks": [],
                "prefix_list_ids": [],
                "protocol": "tcp",
                "security_groups": [],
                "self": false,
                "to_port": 443
              },
              {
                "cidr_blocks": [
                  "0.0.0.0/0"
                ],
                "description": "",
                "from_port": 80,
                "ipv6_cidr_blocks": [],
                "prefix_list_ids": [],
                "protocol": "tcp",
                "security_groups": [],
                "self": false,
                "to_port": 80
              }
            ],
            "name": "awseb-e-p6bifdmp7h-stack-AWSEBLoadBalancerSecurityGroup-OS9000X9YHSE",
            "name_prefix": "",
            "owner_id": "050779347855",
            "revoke_rules_on_delete": null,
            "tags": {
              "Name": "capillary-web-ui-gateway-green",
              "elasticbeanstalk:environment-id": "e-p6bifdmp7h",
              "elasticbeanstalk:environment-name": "capillary-web-ui-gateway-green"
            },
            "tags_all": {
              "Name": "capillary-web-ui-gateway-green",
              "elasticbeanstalk:environment-id": "e-p6bifdmp7h",
              "elasticbeanstalk:environment-name": "capillary-web-ui-gateway-green"
            },
            "timeouts": null,
            "vpc_id": "vpc-0bd9acb7990b4154d"
          },
          "sensitive_attributes": []
        }
      ]
    },
    {
      "mode": "managed",
      "type": "aws_security_group",
      "name": "sg_05da8fce7414d294c",
      "provider": "provider[\"registry.terraform.io/hashicorp/aws\"]",
      "instances": [
        {
          "schema_version": 1,
          "attributes": {
            "arn": "arn:aws-us-gov:ec2:us-gov-west-1:050779347855:security-group/sg-05da8fce7414d294c",
            "description": "The security group for an Allogy Core service",
            "egress": [
              {
                "cidr_blocks": [
                  "0.0.0.0/0"
                ],
                "description": "",
                "from_port": 0,
                "ipv6_cidr_blocks": [],
                "prefix_list_ids": [],
                "protocol": "-1",
                "security_groups": [],
                "self": false,
                "to_port": 0
              }
            ],
            "id": "sg-05da8fce7414d294c",
            "ingress": [
              {
                "cidr_blocks": [
                  "0.0.0.0/0"
                ],
                "description": "",
                "from_port": 443,
                "ipv6_cidr_blocks": [],
                "prefix_list_ids": [],
                "protocol": "tcp",
                "security_groups": [],
                "self": false,
                "to_port": 443
              },
              {
                "cidr_blocks": [
                  "0.0.0.0/0"
                ],
                "description": "",
                "from_port": 80,
                "ipv6_cidr_blocks": [],
                "prefix_list_ids": [],
                "protocol": "tcp",
                "security_groups": [],
                "self": false,
                "to_port": 80
              }
            ],
            "name": "allogy-core-service",
            "name_prefix": "",
            "owner_id": "050779347855",
            "revoke_rules_on_delete": null,
            "tags": {},
            "tags_all": {},
            "timeouts": null,
            "vpc_id": "vpc-0bd9acb7990b4154d"
          },
          "sensitive_attributes": []
        }
      ]
    },
    {
      "mode": "managed",
      "type": "aws_security_group",
      "name": "sg_05ec1afb8e4b24a12",
      "provider": "provider[\"registry.terraform.io/hashicorp/aws\"]",
      "instances": [
        {
          "schema_version": 1,
          "attributes": {
            "arn": "arn:aws-us-gov:ec2:us-gov-west-1:050779347855:security-group/sg-05ec1afb8e4b24a12",
            "description": "Security group for accessing Redis databases in DeveloperTools.",
            "egress": [
              {
                "cidr_blocks": [
                  "0.0.0.0/0"
                ],
                "description": "",
                "from_port": 0,
                "ipv6_cidr_blocks": [],
                "prefix_list_ids": [],
                "protocol": "-1",
                "security_groups": [],
                "self": false,
                "to_port": 0
              }
            ],
            "id": "sg-05ec1afb8e4b24a12",
            "ingress": [
              {
                "cidr_blocks": [
                  "172.16.0.0/24"
                ],
                "description": "Redis",
                "from_port": 6379,
                "ipv6_cidr_blocks": [],
                "prefix_list_ids": [],
                "protocol": "tcp",
                "security_groups": [],
                "self": false,
                "to_port": 6379
              }
            ],
            "name": "DeveloperToolsRedis",
            "name_prefix": "",
            "owner_id": "050779347855",
            "revoke_rules_on_delete": null,
            "tags": {
              "DeploymentEnvironment": "DeveloperTools",
              "Name": "DeveloperToolsRedis"
            },
            "tags_all": {
              "DeploymentEnvironment": "DeveloperTools",
              "Name": "DeveloperToolsRedis"
            },
            "timeouts": null,
            "vpc_id": "vpc-0c883d416072b2572"
          },
          "sensitive_attributes": []
        }
      ]
    },
    {
      "mode": "managed",
      "type": "aws_security_group",
      "name": "sg_0615d31b0d6d092d3",
      "provider": "provider[\"registry.terraform.io/hashicorp/aws\"]",
      "instances": [
        {
          "schema_version": 1,
          "attributes": {
            "arn": "arn:aws-us-gov:ec2:us-gov-west-1:050779347855:security-group/sg-0615d31b0d6d092d3",
            "description": "VPC Security Group",
            "egress": [
              {
                "cidr_blocks": [
                  "0.0.0.0/0"
                ],
                "description": "",
                "from_port": 0,
                "ipv6_cidr_blocks": [],
                "prefix_list_ids": [],
                "protocol": "-1",
                "security_groups": [],
                "self": false,
                "to_port": 0
              }
            ],
            "id": "sg-0615d31b0d6d092d3",
            "ingress": [
              {
                "cidr_blocks": [
                  "10.21.0.0/16"
                ],
                "description": "",
                "from_port": 80,
                "ipv6_cidr_blocks": [],
                "prefix_list_ids": [],
                "protocol": "tcp",
                "security_groups": [
                  "sg-0e3e058433a4793a7"
                ],
                "self": false,
                "to_port": 80
              },
              {
                "cidr_blocks": [],
                "description": "",
                "from_port": 443,
                "ipv6_cidr_blocks": [],
                "prefix_list_ids": [],
                "protocol": "tcp",
                "security_groups": [
                  "sg-0e3e058433a4793a7"
                ],
                "self": false,
                "to_port": 443
              }
            ],
            "name": "awseb-e-rwv222b3qp-stack-AWSEBSecurityGroup-HX2KZJGQJXV7",
            "name_prefix": "",
            "owner_id": "050779347855",
            "revoke_rules_on_delete": null,
            "tags": {
              "Name": "learner-web-ui-gateway-green",
              "elasticbeanstalk:environment-id": "e-rwv222b3qp",
              "elasticbeanstalk:environment-name": "learner-web-ui-gateway-green"
            },
            "tags_all": {
              "Name": "learner-web-ui-gateway-green",
              "elasticbeanstalk:environment-id": "e-rwv222b3qp",
              "elasticbeanstalk:environment-name": "learner-web-ui-gateway-green"
            },
            "timeouts": null,
            "vpc_id": "vpc-0bd9acb7990b4154d"
          },
          "sensitive_attributes": []
        }
      ]
    },
    {
      "mode": "managed",
      "type": "aws_security_group",
      "name": "sg_0664cb51cf00919ed",
      "provider": "provider[\"registry.terraform.io/hashicorp/aws\"]",
      "instances": [
        {
          "schema_version": 1,
          "attributes": {
            "arn": "arn:aws-us-gov:ec2:us-gov-west-1:050779347855:security-group/sg-0664cb51cf00919ed",
            "description": "Permits SSH access from inside the VPC.",
            "egress": [
              {
                "cidr_blocks": [
                  "0.0.0.0/0"
                ],
                "description": "",
                "from_port": 0,
                "ipv6_cidr_blocks": [],
                "prefix_list_ids": [],
                "protocol": "-1",
                "security_groups": [],
                "self": false,
                "to_port": 0
              }
            ],
            "id": "sg-0664cb51cf00919ed",
            "ingress": [
              {
                "cidr_blocks": [
                  "10.21.0.0/16"
                ],
                "description": "Internal SSH",
                "from_port": 22,
                "ipv6_cidr_blocks": [],
                "prefix_list_ids": [],
                "protocol": "tcp",
                "security_groups": [],
                "self": false,
                "to_port": 22
              }
            ],
            "name": "production-InternalSSH",
            "name_prefix": "",
            "owner_id": "050779347855",
            "revoke_rules_on_delete": null,
            "tags": {
              "DeploymentEnvironment": "production",
              "Name": "production-InternalSSH"
            },
            "tags_all": {
              "DeploymentEnvironment": "production",
              "Name": "production-InternalSSH"
            },
            "timeouts": null,
            "vpc_id": "vpc-0bd9acb7990b4154d"
          },
          "sensitive_attributes": []
        }
      ]
    },
    {
      "mode": "managed",
      "type": "aws_security_group",
      "name": "sg_06d03510b3f32b683",
      "provider": "provider[\"registry.terraform.io/hashicorp/aws\"]",
      "instances": [
        {
          "schema_version": 1,
          "attributes": {
            "arn": "arn:aws-us-gov:ec2:us-gov-west-1:050779347855:security-group/sg-06d03510b3f32b683",
            "description": "Security group for running Jenkins master",
            "egress": [
              {
                "cidr_blocks": [
                  "0.0.0.0/0"
                ],
                "description": "",
                "from_port": 0,
                "ipv6_cidr_blocks": [],
                "prefix_list_ids": [],
                "protocol": "-1",
                "security_groups": [],
                "self": false,
                "to_port": 0
              }
            ],
            "id": "sg-06d03510b3f32b683",
            "ingress": [
              {
                "cidr_blocks": [
                  "0.0.0.0/0"
                ],
                "description": "HTTP",
                "from_port": 80,
                "ipv6_cidr_blocks": [],
                "prefix_list_ids": [],
                "protocol": "tcp",
                "security_groups": [],
                "self": false,
                "to_port": 80
              },
              {
                "cidr_blocks": [
                  "0.0.0.0/0"
                ],
                "description": "HTTPS",
                "from_port": 443,
                "ipv6_cidr_blocks": [],
                "prefix_list_ids": [],
                "protocol": "tcp",
                "security_groups": [],
                "self": false,
                "to_port": 443
              },
              {
                "cidr_blocks": [
                  "172.16.0.0/24"
                ],
                "description": "Jenkins JNLP",
                "from_port": 53659,
                "ipv6_cidr_blocks": [],
                "prefix_list_ids": [],
                "protocol": "tcp",
                "security_groups": [],
                "self": false,
                "to_port": 53659
              },
              {
                "cidr_blocks": [
                  "192.64.190.31/32"
                ],
                "description": "macOS Jenkins JNLP",
                "from_port": 53659,
                "ipv6_cidr_blocks": [],
                "prefix_list_ids": [],
                "protocol": "tcp",
                "security_groups": [],
                "self": false,
                "to_port": 53659
              }
            ],
            "name": "JenkinsMaster",
            "name_prefix": "",
            "owner_id": "050779347855",
            "revoke_rules_on_delete": null,
            "tags": {
              "DeploymentEnvironment": "DeveloperTools",
              "Name": "JenkinsMaster"
            },
            "tags_all": {
              "DeploymentEnvironment": "DeveloperTools",
              "Name": "JenkinsMaster"
            },
            "timeouts": null,
            "vpc_id": "vpc-0c883d416072b2572"
          },
          "sensitive_attributes": []
        }
      ]
    },
    {
      "mode": "managed",
      "type": "aws_security_group",
      "name": "sg_07f009cc182a06a04",
      "provider": "provider[\"registry.terraform.io/hashicorp/aws\"]",
      "instances": [
        {
          "schema_version": 1,
          "attributes": {
            "arn": "arn:aws-us-gov:ec2:us-gov-west-1:050779347855:security-group/sg-07f009cc182a06a04",
            "description": "Load Balancer Security Group",
            "egress": [
              {
                "cidr_blocks": [
                  "0.0.0.0/0"
                ],
                "description": "",
                "from_port": 443,
                "ipv6_cidr_blocks": [],
                "prefix_list_ids": [],
                "protocol": "tcp",
                "security_groups": [],
                "self": false,
                "to_port": 443
              },
              {
                "cidr_blocks": [
                  "0.0.0.0/0"
                ],
                "description": "",
                "from_port": 80,
                "ipv6_cidr_blocks": [],
                "prefix_list_ids": [],
                "protocol": "tcp",
                "security_groups": [],
                "self": false,
                "to_port": 80
              }
            ],
            "id": "sg-07f009cc182a06a04",
            "ingress": [
              {
                "cidr_blocks": [
                  "0.0.0.0/0"
                ],
                "description": "",
                "from_port": 443,
                "ipv6_cidr_blocks": [],
                "prefix_list_ids": [],
                "protocol": "tcp",
                "security_groups": [],
                "self": false,
                "to_port": 443
              },
              {
                "cidr_blocks": [
                  "0.0.0.0/0"
                ],
                "description": "",
                "from_port": 80,
                "ipv6_cidr_blocks": [],
                "prefix_list_ids": [],
                "protocol": "tcp",
                "security_groups": [],
                "self": false,
                "to_port": 80
              }
            ],
            "name": "awseb-e-jgrjparfpf-stack-AWSEBLoadBalancerSecurityGroup-1L7WS5XZMNTTP",
            "name_prefix": "",
            "owner_id": "050779347855",
            "revoke_rules_on_delete": null,
            "tags": {
              "Name": "dbt-clinician-web-green",
              "elasticbeanstalk:environment-id": "e-jgrjparfpf",
              "elasticbeanstalk:environment-name": "dbt-clinician-web-green"
            },
            "tags_all": {
              "Name": "dbt-clinician-web-green",
              "elasticbeanstalk:environment-id": "e-jgrjparfpf",
              "elasticbeanstalk:environment-name": "dbt-clinician-web-green"
            },
            "timeouts": null,
            "vpc_id": "vpc-0bd9acb7990b4154d"
          },
          "sensitive_attributes": []
        }
      ]
    },
    {
      "mode": "managed",
      "type": "aws_security_group",
      "name": "sg_07fbaf379b52f13b0",
      "provider": "provider[\"registry.terraform.io/hashicorp/aws\"]",
      "instances": [
        {
          "schema_version": 1,
          "attributes": {
            "arn": "arn:aws-us-gov:ec2:us-gov-west-1:050779347855:security-group/sg-07fbaf379b52f13b0",
            "description": "Security group for accessing ElasticSearch in DeveloperTools.",
            "egress": [
              {
                "cidr_blocks": [
                  "0.0.0.0/0"
                ],
                "description": "",
                "from_port": 0,
                "ipv6_cidr_blocks": [],
                "prefix_list_ids": [],
                "protocol": "-1",
                "security_groups": [],
                "self": false,
                "to_port": 0
              }
            ],
            "id": "sg-07fbaf379b52f13b0",
            "ingress": [
              {
                "cidr_blocks": [
                  "172.16.0.0/24"
                ],
                "description": "HTTPS",
                "from_port": 443,
                "ipv6_cidr_blocks": [],
                "prefix_list_ids": [],
                "protocol": "tcp",
                "security_groups": [],
                "self": false,
                "to_port": 443
              }
            ],
            "name": "DeveloperToolsElasticSearch",
            "name_prefix": "",
            "owner_id": "050779347855",
            "revoke_rules_on_delete": null,
            "tags": {
              "DeploymentEnvironment": "DeveloperTools",
              "Name": "DeveloperToolsElasticSearch"
            },
            "tags_all": {
              "DeploymentEnvironment": "DeveloperTools",
              "Name": "DeveloperToolsElasticSearch"
            },
            "timeouts": null,
            "vpc_id": "vpc-0c883d416072b2572"
          },
          "sensitive_attributes": []
        }
      ]
    },
    {
      "mode": "managed",
      "type": "aws_security_group",
      "name": "sg_081ba48ae3370758b",
      "provider": "provider[\"registry.terraform.io/hashicorp/aws\"]",
      "instances": [
        {
          "schema_version": 1,
          "attributes": {
            "arn": "arn:aws-us-gov:ec2:us-gov-west-1:050779347855:security-group/sg-081ba48ae3370758b",
            "description": "ElasticSearch access for the shared-01 domain.",
            "egress": [
              {
                "cidr_blocks": [
                  "0.0.0.0/0"
                ],
                "description": "",
                "from_port": 0,
                "ipv6_cidr_blocks": [],
                "prefix_list_ids": [],
                "protocol": "-1",
                "security_groups": [],
                "self": false,
                "to_port": 0
              }
            ],
            "id": "sg-081ba48ae3370758b",
            "ingress": [
              {
                "cidr_blocks": [
                  "10.21.0.0/16"
                ],
                "description": "HTTPS",
                "from_port": 443,
                "ipv6_cidr_blocks": [],
                "prefix_list_ids": [],
                "protocol": "tcp",
                "security_groups": [],
                "self": false,
                "to_port": 443
              },
              {
                "cidr_blocks": [
                  "172.30.0.0/16"
                ],
                "description": "HTTPS from Original Production VPC",
                "from_port": 443,
                "ipv6_cidr_blocks": [],
                "prefix_list_ids": [],
                "protocol": "tcp",
                "security_groups": [],
                "self": false,
                "to_port": 443
              }
            ],
            "name": "ElasticSearchShared01",
            "name_prefix": "",
            "owner_id": "050779347855",
            "revoke_rules_on_delete": null,
            "tags": {
              "DeploymentEnvironment": "production",
              "Name": "ElasticSearchShared01"
            },
            "tags_all": {
              "DeploymentEnvironment": "production",
              "Name": "ElasticSearchShared01"
            },
            "timeouts": null,
            "vpc_id": "vpc-0bd9acb7990b4154d"
          },
          "sensitive_attributes": []
        }
      ]
    },
    {
      "mode": "managed",
      "type": "aws_security_group",
      "name": "sg_0848e0e98be81d011",
      "provider": "provider[\"registry.terraform.io/hashicorp/aws\"]",
      "instances": [
        {
          "schema_version": 1,
          "attributes": {
            "arn": "arn:aws-us-gov:ec2:us-gov-west-1:050779347855:security-group/sg-0848e0e98be81d011",
            "description": "Load Balancer Security Group",
            "egress": [
              {
                "cidr_blocks": [
                  "0.0.0.0/0"
                ],
                "description": "",
                "from_port": 443,
                "ipv6_cidr_blocks": [],
                "prefix_list_ids": [],
                "protocol": "tcp",
                "security_groups": [],
                "self": false,
                "to_port": 443
              },
              {
                "cidr_blocks": [
                  "0.0.0.0/0"
                ],
                "description": "",
                "from_port": 80,
                "ipv6_cidr_blocks": [],
                "prefix_list_ids": [],
                "protocol": "tcp",
                "security_groups": [],
                "self": false,
                "to_port": 80
              }
            ],
            "id": "sg-0848e0e98be81d011",
            "ingress": [
              {
                "cidr_blocks": [
                  "0.0.0.0/0"
                ],
                "description": "",
                "from_port": 443,
                "ipv6_cidr_blocks": [],
                "prefix_list_ids": [],
                "protocol": "tcp",
                "security_groups": [],
                "self": false,
                "to_port": 443
              },
              {
                "cidr_blocks": [
                  "0.0.0.0/0"
                ],
                "description": "",
                "from_port": 80,
                "ipv6_cidr_blocks": [],
                "prefix_list_ids": [],
                "protocol": "tcp",
                "security_groups": [],
                "self": false,
                "to_port": 80
              }
            ],
            "name": "awseb-e-fmzgrfkcqp-stack-AWSEBLoadBalancerSecurityGroup-VA17XXETZ259",
            "name_prefix": "",
            "owner_id": "050779347855",
            "revoke_rules_on_delete": null,
            "tags": {
              "Name": "book-service-blue",
              "elasticbeanstalk:environment-id": "e-fmzgrfkcqp",
              "elasticbeanstalk:environment-name": "book-service-blue"
            },
            "tags_all": {
              "Name": "book-service-blue",
              "elasticbeanstalk:environment-id": "e-fmzgrfkcqp",
              "elasticbeanstalk:environment-name": "book-service-blue"
            },
            "timeouts": null,
            "vpc_id": "vpc-0bd9acb7990b4154d"
          },
          "sensitive_attributes": []
        }
      ]
    },
    {
      "mode": "managed",
      "type": "aws_security_group",
      "name": "sg_085eb8e3a0fba2f92",
      "provider": "provider[\"registry.terraform.io/hashicorp/aws\"]",
      "instances": [
        {
          "schema_version": 1,
          "attributes": {
            "arn": "arn:aws-us-gov:ec2:us-gov-west-1:050779347855:security-group/sg-085eb8e3a0fba2f92",
            "description": "core-rds-proxy",
            "egress": [
              {
                "cidr_blocks": [
                  "0.0.0.0/0"
                ],
                "description": "",
                "from_port": 0,
                "ipv6_cidr_blocks": [],
                "prefix_list_ids": [],
                "protocol": "-1",
                "security_groups": [],
                "self": false,
                "to_port": 0
              }
            ],
            "id": "sg-085eb8e3a0fba2f92",
            "ingress": [
              {
                "cidr_blocks": [
                  "76.247.70.53/32"
                ],
                "description": "Payal Pandey",
                "from_port": 22,
                "ipv6_cidr_blocks": [],
                "prefix_list_ids": [],
                "protocol": "tcp",
                "security_groups": [],
                "self": false,
                "to_port": 22
              },
              {
                "cidr_blocks": [
                  "99.106.205.90/32"
                ],
                "description": "Luke Read",
                "from_port": 22,
                "ipv6_cidr_blocks": [],
                "prefix_list_ids": [],
                "protocol": "tcp",
                "security_groups": [],
                "self": false,
                "to_port": 22
              }
            ],
            "name": "core-rds-proxy",
            "name_prefix": "",
            "owner_id": "050779347855",
            "revoke_rules_on_delete": null,
            "tags": {},
            "tags_all": {},
            "timeouts": null,
            "vpc_id": "vpc-0bd9acb7990b4154d"
          },
          "sensitive_attributes": []
        }
      ]
    },
    {
      "mode": "managed",
      "type": "aws_security_group",
      "name": "sg_08a68e02fea2591df",
      "provider": "provider[\"registry.terraform.io/hashicorp/aws\"]",
      "instances": [
        {
          "schema_version": 1,
          "attributes": {
            "arn": "arn:aws-us-gov:ec2:us-gov-west-1:050779347855:security-group/sg-08a68e02fea2591df",
            "description": "VPC Security Group",
            "egress": [
              {
                "cidr_blocks": [
                  "0.0.0.0/0"
                ],
                "description": "",
                "from_port": 0,
                "ipv6_cidr_blocks": [],
                "prefix_list_ids": [],
                "protocol": "-1",
                "security_groups": [],
                "self": false,
                "to_port": 0
              }
            ],
            "id": "sg-08a68e02fea2591df",
            "ingress": [
              {
                "cidr_blocks": [
                  "10.21.0.0/16"
                ],
                "description": "",
                "from_port": 80,
                "ipv6_cidr_blocks": [],
                "prefix_list_ids": [],
                "protocol": "tcp",
                "security_groups": [
                  "sg-05b689cdd90002026"
                ],
                "self": false,
                "to_port": 80
              },
              {
                "cidr_blocks": [],
                "description": "",
                "from_port": 443,
                "ipv6_cidr_blocks": [],
                "prefix_list_ids": [],
                "protocol": "tcp",
                "security_groups": [
                  "sg-05b689cdd90002026"
                ],
                "self": false,
                "to_port": 443
              }
            ],
            "name": "awseb-e-p6bifdmp7h-stack-AWSEBSecurityGroup-2J140H4WGLO2",
            "name_prefix": "",
            "owner_id": "050779347855",
            "revoke_rules_on_delete": null,
            "tags": {
              "Name": "capillary-web-ui-gateway-green",
              "elasticbeanstalk:environment-id": "e-p6bifdmp7h",
              "elasticbeanstalk:environment-name": "capillary-web-ui-gateway-green"
            },
            "tags_all": {
              "Name": "capillary-web-ui-gateway-green",
              "elasticbeanstalk:environment-id": "e-p6bifdmp7h",
              "elasticbeanstalk:environment-name": "capillary-web-ui-gateway-green"
            },
            "timeouts": null,
            "vpc_id": "vpc-0bd9acb7990b4154d"
          },
          "sensitive_attributes": []
        }
      ]
    },
    {
      "mode": "managed",
      "type": "aws_security_group",
      "name": "sg_091b35fd5feaac3d0",
      "provider": "provider[\"registry.terraform.io/hashicorp/aws\"]",
      "instances": [
        {
          "schema_version": 1,
          "attributes": {
            "arn": "arn:aws-us-gov:ec2:us-gov-west-1:050779347855:security-group/sg-091b35fd5feaac3d0",
            "description": "VPC Security Group",
            "egress": [
              {
                "cidr_blocks": [
                  "0.0.0.0/0"
                ],
                "description": "",
                "from_port": 0,
                "ipv6_cidr_blocks": [],
                "prefix_list_ids": [],
                "protocol": "-1",
                "security_groups": [],
                "self": false,
                "to_port": 0
              }
            ],
            "id": "sg-091b35fd5feaac3d0",
            "ingress": [
              {
                "cidr_blocks": [
                  "10.21.0.0/16"
                ],
                "description": "",
                "from_port": 80,
                "ipv6_cidr_blocks": [],
                "prefix_list_ids": [],
                "protocol": "tcp",
                "security_groups": [
                  "sg-006b0c4ba4ce0eed7"
                ],
                "self": false,
                "to_port": 80
              },
              {
                "cidr_blocks": [],
                "description": "",
                "from_port": 443,
                "ipv6_cidr_blocks": [],
                "prefix_list_ids": [],
                "protocol": "tcp",
                "security_groups": [
                  "sg-006b0c4ba4ce0eed7"
                ],
                "self": false,
                "to_port": 443
              }
            ],
            "name": "awseb-e-bmqqxwyjst-stack-AWSEBSecurityGroup-1E8H736KZI5VM",
            "name_prefix": "",
            "owner_id": "050779347855",
            "revoke_rules_on_delete": null,
            "tags": {
              "Name": "form-service-blue",
              "elasticbeanstalk:environment-id": "e-bmqqxwyjst",
              "elasticbeanstalk:environment-name": "form-service-blue"
            },
            "tags_all": {
              "Name": "form-service-blue",
              "elasticbeanstalk:environment-id": "e-bmqqxwyjst",
              "elasticbeanstalk:environment-name": "form-service-blue"
            },
            "timeouts": null,
            "vpc_id": "vpc-0bd9acb7990b4154d"
          },
          "sensitive_attributes": []
        }
      ]
    },
    {
      "mode": "managed",
      "type": "aws_security_group",
      "name": "sg_0961642367dac1a13",
      "provider": "provider[\"registry.terraform.io/hashicorp/aws\"]",
      "instances": [
        {
          "schema_version": 1,
          "attributes": {
            "arn": "arn:aws-us-gov:ec2:us-gov-west-1:050779347855:security-group/sg-0961642367dac1a13",
            "description": "VPC Security Group",
            "egress": [
              {
                "cidr_blocks": [
                  "0.0.0.0/0"
                ],
                "description": "",
                "from_port": 0,
                "ipv6_cidr_blocks": [],
                "prefix_list_ids": [],
                "protocol": "-1",
                "security_groups": [],
                "self": false,
                "to_port": 0
              }
            ],
            "id": "sg-0961642367dac1a13",
            "ingress": [
              {
                "cidr_blocks": [],
                "description": "",
                "from_port": 443,
                "ipv6_cidr_blocks": [],
                "prefix_list_ids": [],
                "protocol": "tcp",
                "security_groups": [
                  "sg-0a8d1d3a2d1effe5d"
                ],
                "self": false,
                "to_port": 443
              },
              {
                "cidr_blocks": [],
                "description": "",
                "from_port": 80,
                "ipv6_cidr_blocks": [],
                "prefix_list_ids": [],
                "protocol": "tcp",
                "security_groups": [
                  "sg-0a8d1d3a2d1effe5d"
                ],
                "self": false,
                "to_port": 80
              }
            ],
            "name": "awseb-e-32xzmdus8p-stack-AWSEBSecurityGroup-1BPJNYTLGFTIU",
            "name_prefix": "",
            "owner_id": "050779347855",
            "revoke_rules_on_delete": null,
            "tags": {
              "Name": "services-gateway-blue",
              "elasticbeanstalk:environment-id": "e-32xzmdus8p",
              "elasticbeanstalk:environment-name": "services-gateway-blue"
            },
            "tags_all": {
              "Name": "services-gateway-blue",
              "elasticbeanstalk:environment-id": "e-32xzmdus8p",
              "elasticbeanstalk:environment-name": "services-gateway-blue"
            },
            "timeouts": null,
            "vpc_id": "vpc-0bd9acb7990b4154d"
          },
          "sensitive_attributes": []
        }
      ]
    },
    {
      "mode": "managed",
      "type": "aws_security_group",
      "name": "sg_09655a5d35c96b651",
      "provider": "provider[\"registry.terraform.io/hashicorp/aws\"]",
      "instances": [
        {
          "schema_version": 1,
          "attributes": {
            "arn": "arn:aws-us-gov:ec2:us-gov-west-1:050779347855:security-group/sg-09655a5d35c96b651",
            "description": "ElasticSearch access for the shared-02 domain.",
            "egress": [
              {
                "cidr_blocks": [
                  "0.0.0.0/0"
                ],
                "description": "",
                "from_port": 0,
                "ipv6_cidr_blocks": [],
                "prefix_list_ids": [],
                "protocol": "-1",
                "security_groups": [],
                "self": false,
                "to_port": 0
              }
            ],
            "id": "sg-09655a5d35c96b651",
            "ingress": [
              {
                "cidr_blocks": [
                  "10.21.0.0/16"
                ],
                "description": "HTTPS",
                "from_port": 443,
                "ipv6_cidr_blocks": [],
                "prefix_list_ids": [],
                "protocol": "tcp",
                "security_groups": [],
                "self": false,
                "to_port": 443
              }
            ],
            "name": "ElasticSearchShared02",
            "name_prefix": "",
            "owner_id": "050779347855",
            "revoke_rules_on_delete": null,
            "tags": {
              "DeploymentEnvironment": "production",
              "Name": "ElasticSearchShared02"
            },
            "tags_all": {
              "DeploymentEnvironment": "production",
              "Name": "ElasticSearchShared02"
            },
            "timeouts": null,
            "vpc_id": "vpc-0bd9acb7990b4154d"
          },
          "sensitive_attributes": []
        }
      ]
    },
    {
      "mode": "managed",
      "type": "aws_security_group",
      "name": "sg_096a6ba8268eef3f6",
      "provider": "provider[\"registry.terraform.io/hashicorp/aws\"]",
      "instances": [
        {
          "schema_version": 1,
          "attributes": {
            "arn": "arn:aws-us-gov:ec2:us-gov-west-1:050779347855:security-group/sg-096a6ba8268eef3f6",
            "description": "Security group for ECS container instances in production",
            "egress": [
              {
                "cidr_blocks": [
                  "0.0.0.0/0"
                ],
                "description": "",
                "from_port": 0,
                "ipv6_cidr_blocks": [],
                "prefix_list_ids": [],
                "protocol": "-1",
                "security_groups": [],
                "self": false,
                "to_port": 0
              }
            ],
            "id": "sg-096a6ba8268eef3f6",
            "ingress": [
              {
                "cidr_blocks": [
                  "10.21.0.0/16"
                ],
                "description": "Allogy testing services; for convenience",
                "from_port": 8001,
                "ipv6_cidr_blocks": [],
                "prefix_list_ids": [],
                "protocol": "tcp",
                "security_groups": [],
                "self": false,
                "to_port": 8003
              },
              {
                "cidr_blocks": [
                  "10.21.0.0/16"
                ],
                "description": "Eureka Discovery Service",
                "from_port": 8761,
                "ipv6_cidr_blocks": [],
                "prefix_list_ids": [],
                "protocol": "tcp",
                "security_groups": [],
                "self": false,
                "to_port": 8761
              },
              {
                "cidr_blocks": [
                  "10.21.0.0/16"
                ],
                "description": "Service port range",
                "from_port": 8200,
                "ipv6_cidr_blocks": [],
                "prefix_list_ids": [],
                "protocol": "tcp",
                "security_groups": [],
                "self": false,
                "to_port": 8300
              },
              {
                "cidr_blocks": [
                  "10.21.0.0/16"
                ],
                "description": "Spring Cloud Config Server",
                "from_port": 8888,
                "ipv6_cidr_blocks": [],
                "prefix_list_ids": [],
                "protocol": "tcp",
                "security_groups": [],
                "self": false,
                "to_port": 8888
              },
              {
                "cidr_blocks": [
                  "10.21.0.0/16"
                ],
                "description": "X-Ray daemon",
                "from_port": 2000,
                "ipv6_cidr_blocks": [],
                "prefix_list_ids": [],
                "protocol": "udp",
                "security_groups": [],
                "self": false,
                "to_port": 2000
              }
            ],
            "name": "ECSContainerInstance",
            "name_prefix": "",
            "owner_id": "050779347855",
            "revoke_rules_on_delete": null,
            "tags": {
              "DeploymentEnvironment": "production",
              "Name": "ECSContainerInstance"
            },
            "tags_all": {
              "DeploymentEnvironment": "production",
              "Name": "ECSContainerInstance"
            },
            "timeouts": null,
            "vpc_id": "vpc-0bd9acb7990b4154d"
          },
          "sensitive_attributes": []
        }
      ]
    },
    {
      "mode": "managed",
      "type": "aws_security_group",
      "name": "sg_09ec086d4a18f2267",
      "provider": "provider[\"registry.terraform.io/hashicorp/aws\"]",
      "instances": [
        {
          "schema_version": 1,
          "attributes": {
            "arn": "arn:aws-us-gov:ec2:us-gov-west-1:050779347855:security-group/sg-09ec086d4a18f2267",
            "description": "Allows lambda functions access to the internal services gateway",
            "egress": [
              {
                "cidr_blocks": [
                  "0.0.0.0/0"
                ],
                "description": "All Traffic",
                "from_port": 0,
                "ipv6_cidr_blocks": [],
                "prefix_list_ids": [],
                "protocol": "tcp",
                "security_groups": [],
                "self": false,
                "to_port": 65535
              }
            ],
            "id": "sg-09ec086d4a18f2267",
            "ingress": [],
            "name": "lambda-internal-services-access",
            "name_prefix": "",
            "owner_id": "050779347855",
            "revoke_rules_on_delete": null,
            "tags": {},
            "tags_all": {},
            "timeouts": null,
            "vpc_id": "vpc-0bd9acb7990b4154d"
          },
          "sensitive_attributes": []
        }
      ]
    },
    {
      "mode": "managed",
      "type": "aws_security_group",
      "name": "sg_0a3723815add710c0",
      "provider": "provider[\"registry.terraform.io/hashicorp/aws\"]",
      "instances": [
        {
          "schema_version": 1,
          "attributes": {
            "arn": "arn:aws-us-gov:ec2:us-gov-west-1:050779347855:security-group/sg-0a3723815add710c0",
            "description": "VPC Security Group",
            "egress": [
              {
                "cidr_blocks": [
                  "0.0.0.0/0"
                ],
                "description": "",
                "from_port": 0,
                "ipv6_cidr_blocks": [],
                "prefix_list_ids": [],
                "protocol": "-1",
                "security_groups": [],
                "self": false,
                "to_port": 0
              }
            ],
            "id": "sg-0a3723815add710c0",
            "ingress": [
              {
                "cidr_blocks": [
                  "10.21.0.0/16"
                ],
                "description": "",
                "from_port": 80,
                "ipv6_cidr_blocks": [],
                "prefix_list_ids": [],
                "protocol": "tcp",
                "security_groups": [
                  "sg-0ab678abfaabcacf3"
                ],
                "self": false,
                "to_port": 80
              },
              {
                "cidr_blocks": [],
                "description": "",
                "from_port": 443,
                "ipv6_cidr_blocks": [],
                "prefix_list_ids": [],
                "protocol": "tcp",
                "security_groups": [
                  "sg-0ab678abfaabcacf3"
                ],
                "self": false,
                "to_port": 443
              }
            ],
            "name": "awseb-e-bner7vhrif-stack-AWSEBSecurityGroup-Q44BSSLAQ3EG",
            "name_prefix": "",
            "owner_id": "050779347855",
            "revoke_rules_on_delete": null,
            "tags": {
              "Name": "capillary-web-ui-gateway-blue",
              "elasticbeanstalk:environment-id": "e-bner7vhrif",
              "elasticbeanstalk:environment-name": "capillary-web-ui-gateway-blue"
            },
            "tags_all": {
              "Name": "capillary-web-ui-gateway-blue",
              "elasticbeanstalk:environment-id": "e-bner7vhrif",
              "elasticbeanstalk:environment-name": "capillary-web-ui-gateway-blue"
            },
            "timeouts": null,
            "vpc_id": "vpc-0bd9acb7990b4154d"
          },
          "sensitive_attributes": []
        }
      ]
    },
    {
      "mode": "managed",
      "type": "aws_security_group",
      "name": "sg_0a8d1d3a2d1effe5d",
      "provider": "provider[\"registry.terraform.io/hashicorp/aws\"]",
      "instances": [
        {
          "schema_version": 1,
          "attributes": {
            "arn": "arn:aws-us-gov:ec2:us-gov-west-1:050779347855:security-group/sg-0a8d1d3a2d1effe5d",
            "description": "Load Balancer Security Group",
            "egress": [
              {
                "cidr_blocks": [
                  "0.0.0.0/0"
                ],
                "description": "",
                "from_port": 443,
                "ipv6_cidr_blocks": [],
                "prefix_list_ids": [],
                "protocol": "tcp",
                "security_groups": [],
                "self": false,
                "to_port": 443
              },
              {
                "cidr_blocks": [
                  "0.0.0.0/0"
                ],
                "description": "",
                "from_port": 80,
                "ipv6_cidr_blocks": [],
                "prefix_list_ids": [],
                "protocol": "tcp",
                "security_groups": [],
                "self": false,
                "to_port": 80
              }
            ],
            "id": "sg-0a8d1d3a2d1effe5d",
            "ingress": [
              {
                "cidr_blocks": [
                  "0.0.0.0/0"
                ],
                "description": "",
                "from_port": 443,
                "ipv6_cidr_blocks": [],
                "prefix_list_ids": [],
                "protocol": "tcp",
                "security_groups": [],
                "self": false,
                "to_port": 443
              },
              {
                "cidr_blocks": [
                  "0.0.0.0/0"
                ],
                "description": "",
                "from_port": 80,
                "ipv6_cidr_blocks": [],
                "prefix_list_ids": [],
                "protocol": "tcp",
                "security_groups": [],
                "self": false,
                "to_port": 80
              }
            ],
            "name": "awseb-e-32xzmdus8p-stack-AWSEBLoadBalancerSecurityGroup-1FGPESD70SDTE",
            "name_prefix": "",
            "owner_id": "050779347855",
            "revoke_rules_on_delete": null,
            "tags": {
              "Name": "services-gateway-blue",
              "elasticbeanstalk:environment-id": "e-32xzmdus8p",
              "elasticbeanstalk:environment-name": "services-gateway-blue"
            },
            "tags_all": {
              "Name": "services-gateway-blue",
              "elasticbeanstalk:environment-id": "e-32xzmdus8p",
              "elasticbeanstalk:environment-name": "services-gateway-blue"
            },
            "timeouts": null,
            "vpc_id": "vpc-0bd9acb7990b4154d"
          },
          "sensitive_attributes": []
        }
      ]
    },
    {
      "mode": "managed",
      "type": "aws_security_group",
      "name": "sg_0ab678abfaabcacf3",
      "provider": "provider[\"registry.terraform.io/hashicorp/aws\"]",
      "instances": [
        {
          "schema_version": 1,
          "attributes": {
            "arn": "arn:aws-us-gov:ec2:us-gov-west-1:050779347855:security-group/sg-0ab678abfaabcacf3",
            "description": "Load Balancer Security Group",
            "egress": [
              {
                "cidr_blocks": [
                  "0.0.0.0/0"
                ],
                "description": "",
                "from_port": 443,
                "ipv6_cidr_blocks": [],
                "prefix_list_ids": [],
                "protocol": "tcp",
                "security_groups": [],
                "self": false,
                "to_port": 443
              },
              {
                "cidr_blocks": [
                  "0.0.0.0/0"
                ],
                "description": "",
                "from_port": 80,
                "ipv6_cidr_blocks": [],
                "prefix_list_ids": [],
                "protocol": "tcp",
                "security_groups": [],
                "self": false,
                "to_port": 80
              }
            ],
            "id": "sg-0ab678abfaabcacf3",
            "ingress": [
              {
                "cidr_blocks": [
                  "0.0.0.0/0"
                ],
                "description": "",
                "from_port": 443,
                "ipv6_cidr_blocks": [],
                "prefix_list_ids": [],
                "protocol": "tcp",
                "security_groups": [],
                "self": false,
                "to_port": 443
              },
              {
                "cidr_blocks": [
                  "0.0.0.0/0"
                ],
                "description": "",
                "from_port": 80,
                "ipv6_cidr_blocks": [],
                "prefix_list_ids": [],
                "protocol": "tcp",
                "security_groups": [],
                "self": false,
                "to_port": 80
              }
            ],
            "name": "awseb-e-bner7vhrif-stack-AWSEBLoadBalancerSecurityGroup-1GFUEXZU2YQXF",
            "name_prefix": "",
            "owner_id": "050779347855",
            "revoke_rules_on_delete": null,
            "tags": {
              "Name": "capillary-web-ui-gateway-blue",
              "elasticbeanstalk:environment-id": "e-bner7vhrif",
              "elasticbeanstalk:environment-name": "capillary-web-ui-gateway-blue"
            },
            "tags_all": {
              "Name": "capillary-web-ui-gateway-blue",
              "elasticbeanstalk:environment-id": "e-bner7vhrif",
              "elasticbeanstalk:environment-name": "capillary-web-ui-gateway-blue"
            },
            "timeouts": null,
            "vpc_id": "vpc-0bd9acb7990b4154d"
          },
          "sensitive_attributes": []
        }
      ]
    },
    {
      "mode": "managed",
      "type": "aws_security_group",
      "name": "sg_0abf393744a38edb1",
      "provider": "provider[\"registry.terraform.io/hashicorp/aws\"]",
      "instances": [
        {
          "schema_version": 1,
          "attributes": {
            "arn": "arn:aws-us-gov:ec2:us-gov-west-1:050779347855:security-group/sg-0abf393744a38edb1",
            "description": "VPC Security Group",
            "egress": [
              {
                "cidr_blocks": [
                  "0.0.0.0/0"
                ],
                "description": "",
                "from_port": 0,
                "ipv6_cidr_blocks": [],
                "prefix_list_ids": [],
                "protocol": "-1",
                "security_groups": [],
                "self": false,
                "to_port": 0
              }
            ],
            "id": "sg-0abf393744a38edb1",
            "ingress": [
              {
                "cidr_blocks": [],
                "description": "",
                "from_port": 443,
                "ipv6_cidr_blocks": [],
                "prefix_list_ids": [],
                "protocol": "tcp",
                "security_groups": [
                  "sg-0e07dcad269bc9148"
                ],
                "self": false,
                "to_port": 443
              },
              {
                "cidr_blocks": [],
                "description": "",
                "from_port": 80,
                "ipv6_cidr_blocks": [],
                "prefix_list_ids": [],
                "protocol": "tcp",
                "security_groups": [
                  "sg-0e07dcad269bc9148"
                ],
                "self": false,
                "to_port": 80
              }
            ],
            "name": "awseb-e-tx62adwg2k-stack-AWSEBSecurityGroup-10PIC0E84HHQX",
            "name_prefix": "",
            "owner_id": "050779347855",
            "revoke_rules_on_delete": null,
            "tags": {
              "Name": "identity-service-green",
              "elasticbeanstalk:environment-id": "e-tx62adwg2k",
              "elasticbeanstalk:environment-name": "identity-service-green"
            },
            "tags_all": {
              "Name": "identity-service-green",
              "elasticbeanstalk:environment-id": "e-tx62adwg2k",
              "elasticbeanstalk:environment-name": "identity-service-green"
            },
            "timeouts": null,
            "vpc_id": "vpc-0bd9acb7990b4154d"
          },
          "sensitive_attributes": []
        }
      ]
    },
    {
      "mode": "managed",
      "type": "aws_security_group",
      "name": "sg_0b0eed2b18edcbfaa",
      "provider": "provider[\"registry.terraform.io/hashicorp/aws\"]",
      "instances": [
        {
          "schema_version": 1,
          "attributes": {
            "arn": "arn:aws-us-gov:ec2:us-gov-west-1:050779347855:security-group/sg-0b0eed2b18edcbfaa",
            "description": "Standard security group for Postgresql instances. Permits internal access only.",
            "egress": [
              {
                "cidr_blocks": [
                  "0.0.0.0/0"
                ],
                "description": "",
                "from_port": 0,
                "ipv6_cidr_blocks": [],
                "prefix_list_ids": [],
                "protocol": "-1",
                "security_groups": [],
                "self": false,
                "to_port": 0
              }
            ],
            "id": "sg-0b0eed2b18edcbfaa",
            "ingress": [
              {
                "cidr_blocks": [
                  "0.0.0.0/0"
                ],
                "description": "",
                "from_port": 53,
                "ipv6_cidr_blocks": [],
                "prefix_list_ids": [],
                "protocol": "udp",
                "security_groups": [],
                "self": false,
                "to_port": 53
              },
              {
                "cidr_blocks": [
                  "0.0.0.0/0"
                ],
                "description": "DNS added to access endpoint",
                "from_port": 53,
                "ipv6_cidr_blocks": [],
                "prefix_list_ids": [],
                "protocol": "tcp",
                "security_groups": [],
                "self": false,
                "to_port": 53
              },
              {
                "cidr_blocks": [
                  "10.21.0.0/16"
                ],
                "description": "Postgresql access from within the VPC",
                "from_port": 5432,
                "ipv6_cidr_blocks": [],
                "prefix_list_ids": [],
                "protocol": "tcp",
                "security_groups": [],
                "self": false,
                "to_port": 5432
              },
              {
                "cidr_blocks": [
                  "172.222.112.145/32"
                ],
                "description": "",
                "from_port": 22,
                "ipv6_cidr_blocks": [],
                "prefix_list_ids": [],
                "protocol": "tcp",
                "security_groups": [],
                "self": false,
                "to_port": 22
              },
              {
                "cidr_blocks": [
                  "172.30.0.0/16"
                ],
                "description": "Postgresql access from Original Production VPC",
                "from_port": 5432,
                "ipv6_cidr_blocks": [],
                "prefix_list_ids": [],
                "protocol": "tcp",
                "security_groups": [],
                "self": false,
                "to_port": 5432
              },
              {
                "cidr_blocks": [
                  "45.30.52.95/32"
                ],
                "description": "ssh added to access endpoint and instance",
                "from_port": 22,
                "ipv6_cidr_blocks": [],
                "prefix_list_ids": [],
                "protocol": "tcp",
                "security_groups": [],
                "self": false,
                "to_port": 22
              }
            ],
            "name": "production-Postgresql",
            "name_prefix": "",
            "owner_id": "050779347855",
            "revoke_rules_on_delete": null,
            "tags": {
              "DeploymentEnvironment": "production",
              "Name": "production-Postgresql"
            },
            "tags_all": {
              "DeploymentEnvironment": "production",
              "Name": "production-Postgresql"
            },
            "timeouts": null,
            "vpc_id": "vpc-0bd9acb7990b4154d"
          },
          "sensitive_attributes": []
        }
      ]
    },
    {
      "mode": "managed",
      "type": "aws_security_group",
      "name": "sg_0b4b0aecfd7841178",
      "provider": "provider[\"registry.terraform.io/hashicorp/aws\"]",
      "instances": [
        {
          "schema_version": 1,
          "attributes": {
            "arn": "arn:aws-us-gov:ec2:us-gov-west-1:050779347855:security-group/sg-0b4b0aecfd7841178",
            "description": "default VPC security group",
            "egress": [],
            "id": "sg-0b4b0aecfd7841178",
            "ingress": [],
            "name": "default",
            "name_prefix": "",
            "owner_id": "050779347855",
            "revoke_rules_on_delete": null,
            "tags": {},
            "tags_all": {},
            "timeouts": null,
            "vpc_id": "vpc-062a9bb71430eda86"
          },
          "sensitive_attributes": []
        }
      ]
    },
    {
      "mode": "managed",
      "type": "aws_security_group",
      "name": "sg_0b827258e3f0559d8",
      "provider": "provider[\"registry.terraform.io/hashicorp/aws\"]",
      "instances": [
        {
          "schema_version": 1,
          "attributes": {
            "arn": "arn:aws-us-gov:ec2:us-gov-west-1:050779347855:security-group/sg-0b827258e3f0559d8",
            "description": "Load Balancer Security Group",
            "egress": [
              {
                "cidr_blocks": [
                  "0.0.0.0/0"
                ],
                "description": "",
                "from_port": 443,
                "ipv6_cidr_blocks": [],
                "prefix_list_ids": [],
                "protocol": "tcp",
                "security_groups": [],
                "self": false,
                "to_port": 443
              },
              {
                "cidr_blocks": [
                  "0.0.0.0/0"
                ],
                "description": "",
                "from_port": 80,
                "ipv6_cidr_blocks": [],
                "prefix_list_ids": [],
                "protocol": "tcp",
                "security_groups": [],
                "self": false,
                "to_port": 80
              }
            ],
            "id": "sg-0b827258e3f0559d8",
            "ingress": [
              {
                "cidr_blocks": [
                  "0.0.0.0/0"
                ],
                "description": "",
                "from_port": 443,
                "ipv6_cidr_blocks": [],
                "prefix_list_ids": [],
                "protocol": "tcp",
                "security_groups": [],
                "self": false,
                "to_port": 443
              },
              {
                "cidr_blocks": [
                  "0.0.0.0/0"
                ],
                "description": "",
                "from_port": 80,
                "ipv6_cidr_blocks": [],
                "prefix_list_ids": [],
                "protocol": "tcp",
                "security_groups": [],
                "self": false,
                "to_port": 80
              }
            ],
            "name": "awseb-e-3evreti3za-stack-AWSEBLoadBalancerSecurityGroup-J26QL5CGR1YW",
            "name_prefix": "",
            "owner_id": "050779347855",
            "revoke_rules_on_delete": null,
            "tags": {
              "Name": "collaboration-person-blue",
              "elasticbeanstalk:environment-id": "e-3evreti3za",
              "elasticbeanstalk:environment-name": "collaboration-person-blue"
            },
            "tags_all": {
              "Name": "collaboration-person-blue",
              "elasticbeanstalk:environment-id": "e-3evreti3za",
              "elasticbeanstalk:environment-name": "collaboration-person-blue"
            },
            "timeouts": null,
            "vpc_id": "vpc-0bd9acb7990b4154d"
          },
          "sensitive_attributes": []
        }
      ]
    },
    {
      "mode": "managed",
      "type": "aws_security_group",
      "name": "sg_0c1125388a56a7f34",
      "provider": "provider[\"registry.terraform.io/hashicorp/aws\"]",
      "instances": [
        {
          "schema_version": 1,
          "attributes": {
            "arn": "arn:aws-us-gov:ec2:us-gov-west-1:050779347855:security-group/sg-0c1125388a56a7f34",
            "description": "VPC Security Group",
            "egress": [
              {
                "cidr_blocks": [
                  "0.0.0.0/0"
                ],
                "description": "",
                "from_port": 0,
                "ipv6_cidr_blocks": [],
                "prefix_list_ids": [],
                "protocol": "-1",
                "security_groups": [],
                "self": false,
                "to_port": 0
              }
            ],
            "id": "sg-0c1125388a56a7f34",
            "ingress": [
              {
                "cidr_blocks": [],
                "description": "",
                "from_port": 443,
                "ipv6_cidr_blocks": [],
                "prefix_list_ids": [],
                "protocol": "tcp",
                "security_groups": [
                  "sg-00e4e569f9e6920de"
                ],
                "self": false,
                "to_port": 443
              },
              {
                "cidr_blocks": [],
                "description": "",
                "from_port": 80,
                "ipv6_cidr_blocks": [],
                "prefix_list_ids": [],
                "protocol": "tcp",
                "security_groups": [
                  "sg-00e4e569f9e6920de"
                ],
                "self": false,
                "to_port": 80
              }
            ],
            "name": "awseb-e-yd9s5vvfgp-stack-AWSEBSecurityGroup-1QIFKBQGPQSPP",
            "name_prefix": "",
            "owner_id": "050779347855",
            "revoke_rules_on_delete": null,
            "tags": {
              "Name": "internal-services-gateway-green",
              "elasticbeanstalk:environment-id": "e-yd9s5vvfgp",
              "elasticbeanstalk:environment-name": "internal-services-gateway-green"
            },
            "tags_all": {
              "Name": "internal-services-gateway-green",
              "elasticbeanstalk:environment-id": "e-yd9s5vvfgp",
              "elasticbeanstalk:environment-name": "internal-services-gateway-green"
            },
            "timeouts": null,
            "vpc_id": "vpc-0bd9acb7990b4154d"
          },
          "sensitive_attributes": []
        }
      ]
    },
    {
      "mode": "managed",
      "type": "aws_security_group",
      "name": "sg_0c57e293d12c4ba08",
      "provider": "provider[\"registry.terraform.io/hashicorp/aws\"]",
      "instances": [
        {
          "schema_version": 1,
          "attributes": {
            "arn": "arn:aws-us-gov:ec2:us-gov-west-1:050779347855:security-group/sg-0c57e293d12c4ba08",
            "description": "VPC Security Group",
            "egress": [
              {
                "cidr_blocks": [
                  "0.0.0.0/0"
                ],
                "description": "",
                "from_port": 0,
                "ipv6_cidr_blocks": [],
                "prefix_list_ids": [],
                "protocol": "-1",
                "security_groups": [],
                "self": false,
                "to_port": 0
              }
            ],
            "id": "sg-0c57e293d12c4ba08",
            "ingress": [
              {
                "cidr_blocks": [
                  "10.21.0.0/16"
                ],
                "description": "",
                "from_port": 80,
                "ipv6_cidr_blocks": [],
                "prefix_list_ids": [],
                "protocol": "tcp",
                "security_groups": [
                  "sg-0b827258e3f0559d8"
                ],
                "self": false,
                "to_port": 80
              },
              {
                "cidr_blocks": [],
                "description": "",
                "from_port": 443,
                "ipv6_cidr_blocks": [],
                "prefix_list_ids": [],
                "protocol": "tcp",
                "security_groups": [
                  "sg-0b827258e3f0559d8"
                ],
                "self": false,
                "to_port": 443
              }
            ],
            "name": "awseb-e-3evreti3za-stack-AWSEBSecurityGroup-15HAG1FN0YK4F",
            "name_prefix": "",
            "owner_id": "050779347855",
            "revoke_rules_on_delete": null,
            "tags": {
              "Name": "collaboration-person-blue",
              "elasticbeanstalk:environment-id": "e-3evreti3za",
              "elasticbeanstalk:environment-name": "collaboration-person-blue"
            },
            "tags_all": {
              "Name": "collaboration-person-blue",
              "elasticbeanstalk:environment-id": "e-3evreti3za",
              "elasticbeanstalk:environment-name": "collaboration-person-blue"
            },
            "timeouts": null,
            "vpc_id": "vpc-0bd9acb7990b4154d"
          },
          "sensitive_attributes": []
        }
      ]
    },
    {
      "mode": "managed",
      "type": "aws_security_group",
      "name": "sg_0cb65ab88426db217",
      "provider": "provider[\"registry.terraform.io/hashicorp/aws\"]",
      "instances": [
        {
          "schema_version": 1,
          "attributes": {
            "arn": "arn:aws-us-gov:ec2:us-gov-west-1:050779347855:security-group/sg-0cb65ab88426db217",
            "description": "Standard security group for MongoDB instances. Permits internal access only.",
            "egress": [
              {
                "cidr_blocks": [
                  "0.0.0.0/0"
                ],
                "description": "",
                "from_port": 0,
                "ipv6_cidr_blocks": [],
                "prefix_list_ids": [],
                "protocol": "-1",
                "security_groups": [],
                "self": false,
                "to_port": 0
              }
            ],
            "id": "sg-0cb65ab88426db217",
            "ingress": [
              {
                "cidr_blocks": [
                  "10.21.0.0/16"
                ],
                "description": "MongoDB/DocumentDB access from within the VPC",
                "from_port": 27017,
                "ipv6_cidr_blocks": [],
                "prefix_list_ids": [],
                "protocol": "tcp",
                "security_groups": [],
                "self": false,
                "to_port": 27017
              }
            ],
            "name": "production-MongoDB",
            "name_prefix": "",
            "owner_id": "050779347855",
            "revoke_rules_on_delete": null,
            "tags": {
              "DeploymentEnvironment": "production",
              "Name": "production-MongoDB"
            },
            "tags_all": {
              "DeploymentEnvironment": "production",
              "Name": "production-MongoDB"
            },
            "timeouts": null,
            "vpc_id": "vpc-0bd9acb7990b4154d"
          },
          "sensitive_attributes": []
        }
      ]
    },
    {
      "mode": "managed",
      "type": "aws_security_group",
      "name": "sg_0cc77f2002d2d75ac",
      "provider": "provider[\"registry.terraform.io/hashicorp/aws\"]",
      "instances": [
        {
          "schema_version": 1,
          "attributes": {
            "arn": "arn:aws-us-gov:ec2:us-gov-west-1:050779347855:security-group/sg-0cc77f2002d2d75ac",
            "description": "Security group for a standard public-facing, web load balancer",
            "egress": [
              {
                "cidr_blocks": [
                  "0.0.0.0/0"
                ],
                "description": "",
                "from_port": 0,
                "ipv6_cidr_blocks": [],
                "prefix_list_ids": [],
                "protocol": "-1",
                "security_groups": [],
                "self": false,
                "to_port": 0
              }
            ],
            "id": "sg-0cc77f2002d2d75ac",
            "ingress": [
              {
                "cidr_blocks": [
                  "0.0.0.0/0"
                ],
                "description": "HTTP",
                "from_port": 80,
                "ipv6_cidr_blocks": [],
                "prefix_list_ids": [],
                "protocol": "tcp",
                "security_groups": [],
                "self": false,
                "to_port": 80
              },
              {
                "cidr_blocks": [
                  "0.0.0.0/0"
                ],
                "description": "HTTPS",
                "from_port": 443,
                "ipv6_cidr_blocks": [],
                "prefix_list_ids": [],
                "protocol": "tcp",
                "security_groups": [],
                "self": false,
                "to_port": 443
              }
            ],
            "name": "WebLoadBalancer",
            "name_prefix": "",
            "owner_id": "050779347855",
            "revoke_rules_on_delete": null,
            "tags": {
              "DeploymentEnvironment": "production",
              "Name": "WebLoadBalancer"
            },
            "tags_all": {
              "DeploymentEnvironment": "production",
              "Name": "WebLoadBalancer"
            },
            "timeouts": null,
            "vpc_id": "vpc-0bd9acb7990b4154d"
          },
          "sensitive_attributes": []
        }
      ]
    },
    {
      "mode": "managed",
      "type": "aws_security_group",
      "name": "sg_0ce67711c9eb8e894",
      "provider": "provider[\"registry.terraform.io/hashicorp/aws\"]",
      "instances": [
        {
          "schema_version": 1,
          "attributes": {
            "arn": "arn:aws-us-gov:ec2:us-gov-west-1:050779347855:security-group/sg-0ce67711c9eb8e894",
            "description": "Load Balancer Security Group",
            "egress": [
              {
                "cidr_blocks": [
                  "0.0.0.0/0"
                ],
                "description": "",
                "from_port": 443,
                "ipv6_cidr_blocks": [],
                "prefix_list_ids": [],
                "protocol": "tcp",
                "security_groups": [],
                "self": false,
                "to_port": 443
              },
              {
                "cidr_blocks": [
                  "0.0.0.0/0"
                ],
                "description": "",
                "from_port": 80,
                "ipv6_cidr_blocks": [],
                "prefix_list_ids": [],
                "protocol": "tcp",
                "security_groups": [],
                "self": false,
                "to_port": 80
              }
            ],
            "id": "sg-0ce67711c9eb8e894",
            "ingress": [
              {
                "cidr_blocks": [
                  "0.0.0.0/0"
                ],
                "description": "",
                "from_port": 443,
                "ipv6_cidr_blocks": [],
                "prefix_list_ids": [],
                "protocol": "tcp",
                "security_groups": [],
                "self": false,
                "to_port": 443
              },
              {
                "cidr_blocks": [
                  "0.0.0.0/0"
                ],
                "description": "",
                "from_port": 80,
                "ipv6_cidr_blocks": [],
                "prefix_list_ids": [],
                "protocol": "tcp",
                "security_groups": [],
                "self": false,
                "to_port": 80
              }
            ],
            "name": "awseb-e-pcw37ypdme-stack-AWSEBLoadBalancerSecurityGroup-1KG1T37ATXC40",
            "name_prefix": "",
            "owner_id": "050779347855",
            "revoke_rules_on_delete": null,
            "tags": {
              "Name": "mobile-client-gateway-blue",
              "elasticbeanstalk:environment-id": "e-pcw37ypdme",
              "elasticbeanstalk:environment-name": "mobile-client-gateway-blue"
            },
            "tags_all": {
              "Name": "mobile-client-gateway-blue",
              "elasticbeanstalk:environment-id": "e-pcw37ypdme",
              "elasticbeanstalk:environment-name": "mobile-client-gateway-blue"
            },
            "timeouts": null,
            "vpc_id": "vpc-0bd9acb7990b4154d"
          },
          "sensitive_attributes": []
        }
      ]
    },
    {
      "mode": "managed",
      "type": "aws_security_group",
      "name": "sg_0cea0f3c33135fbaa",
      "provider": "provider[\"registry.terraform.io/hashicorp/aws\"]",
      "instances": [
        {
          "schema_version": 1,
          "attributes": {
            "arn": "arn:aws-us-gov:ec2:us-gov-west-1:050779347855:security-group/sg-0cea0f3c33135fbaa",
            "description": "A security group allowing SSH access from Allogy users locations. Use the AWS console or CLI to update your IP address. Also include your name in the Rule description.",
            "egress": [
              {
                "cidr_blocks": [
                  "0.0.0.0/0"
                ],
                "description": "",
                "from_port": 0,
                "ipv6_cidr_blocks": [],
                "prefix_list_ids": [],
                "protocol": "-1",
                "security_groups": [],
                "self": false,
                "to_port": 0
              }
            ],
            "id": "sg-0cea0f3c33135fbaa",
            "ingress": [],
            "name": "ThirdParty-AllogyDeveloperSSH",
            "name_prefix": "",
            "owner_id": "050779347855",
            "revoke_rules_on_delete": null,
            "tags": {
              "DeploymentEnvironment": "ThirdParty",
              "Name": "ThirdParty-AllogyDeveloperSSH"
            },
            "tags_all": {
              "DeploymentEnvironment": "ThirdParty",
              "Name": "ThirdParty-AllogyDeveloperSSH"
            },
            "timeouts": null,
            "vpc_id": "vpc-062a9bb71430eda86"
          },
          "sensitive_attributes": []
        }
      ]
    },
    {
      "mode": "managed",
      "type": "aws_security_group",
      "name": "sg_0d25cb1fc58d097e9",
      "provider": "provider[\"registry.terraform.io/hashicorp/aws\"]",
      "instances": [
        {
          "schema_version": 1,
          "attributes": {
            "arn": "arn:aws-us-gov:ec2:us-gov-west-1:050779347855:security-group/sg-0d25cb1fc58d097e9",
            "description": "Standard security group for Redis instances. Permits internal access only.",
            "egress": [
              {
                "cidr_blocks": [
                  "0.0.0.0/0"
                ],
                "description": "",
                "from_port": 0,
                "ipv6_cidr_blocks": [],
                "prefix_list_ids": [],
                "protocol": "-1",
                "security_groups": [],
                "self": false,
                "to_port": 0
              }
            ],
            "id": "sg-0d25cb1fc58d097e9",
            "ingress": [
              {
                "cidr_blocks": [
                  "10.21.0.0/16"
                ],
                "description": "Redis access from within the VPC",
                "from_port": 6379,
                "ipv6_cidr_blocks": [],
                "prefix_list_ids": [],
                "protocol": "tcp",
                "security_groups": [],
                "self": false,
                "to_port": 6379
              },
              {
                "cidr_blocks": [
                  "172.30.0.0/16"
                ],
                "description": "Redis access from Original Production VPC",
                "from_port": 6379,
                "ipv6_cidr_blocks": [],
                "prefix_list_ids": [],
                "protocol": "tcp",
                "security_groups": [],
                "self": false,
                "to_port": 6379
              }
            ],
            "name": "production-Redis",
            "name_prefix": "",
            "owner_id": "050779347855",
            "revoke_rules_on_delete": null,
            "tags": {
              "DeploymentEnvironment": "production",
              "Name": "production-Redis"
            },
            "tags_all": {
              "DeploymentEnvironment": "production",
              "Name": "production-Redis"
            },
            "timeouts": null,
            "vpc_id": "vpc-0bd9acb7990b4154d"
          },
          "sensitive_attributes": []
        }
      ]
    },
    {
      "mode": "managed",
      "type": "aws_security_group",
      "name": "sg_0d799b653c4043218",
      "provider": "provider[\"registry.terraform.io/hashicorp/aws\"]",
      "instances": [
        {
          "schema_version": 1,
          "attributes": {
            "arn": "arn:aws-us-gov:ec2:us-gov-west-1:050779347855:security-group/sg-0d799b653c4043218",
            "description": "VPC Security Group",
            "egress": [
              {
                "cidr_blocks": [
                  "0.0.0.0/0"
                ],
                "description": "",
                "from_port": 0,
                "ipv6_cidr_blocks": [],
                "prefix_list_ids": [],
                "protocol": "-1",
                "security_groups": [],
                "self": false,
                "to_port": 0
              }
            ],
            "id": "sg-0d799b653c4043218",
            "ingress": [
              {
                "cidr_blocks": [
                  "10.21.0.0/16"
                ],
                "description": "",
                "from_port": 80,
                "ipv6_cidr_blocks": [],
                "prefix_list_ids": [],
                "protocol": "tcp",
                "security_groups": [
                  "sg-0848e0e98be81d011"
                ],
                "self": false,
                "to_port": 80
              },
              {
                "cidr_blocks": [],
                "description": "",
                "from_port": 443,
                "ipv6_cidr_blocks": [],
                "prefix_list_ids": [],
                "protocol": "tcp",
                "security_groups": [
                  "sg-0848e0e98be81d011"
                ],
                "self": false,
                "to_port": 443
              }
            ],
            "name": "awseb-e-fmzgrfkcqp-stack-AWSEBSecurityGroup-U90N34CN7VNC",
            "name_prefix": "",
            "owner_id": "050779347855",
            "revoke_rules_on_delete": null,
            "tags": {
              "Name": "book-service-blue",
              "elasticbeanstalk:environment-id": "e-fmzgrfkcqp",
              "elasticbeanstalk:environment-name": "book-service-blue"
            },
            "tags_all": {
              "Name": "book-service-blue",
              "elasticbeanstalk:environment-id": "e-fmzgrfkcqp",
              "elasticbeanstalk:environment-name": "book-service-blue"
            },
            "timeouts": null,
            "vpc_id": "vpc-0bd9acb7990b4154d"
          },
          "sensitive_attributes": []
        }
      ]
    },
    {
      "mode": "managed",
      "type": "aws_security_group",
      "name": "sg_0e07dcad269bc9148",
      "provider": "provider[\"registry.terraform.io/hashicorp/aws\"]",
      "instances": [
        {
          "schema_version": 1,
          "attributes": {
            "arn": "arn:aws-us-gov:ec2:us-gov-west-1:050779347855:security-group/sg-0e07dcad269bc9148",
            "description": "Load Balancer Security Group",
            "egress": [
              {
                "cidr_blocks": [
                  "0.0.0.0/0"
                ],
                "description": "",
                "from_port": 443,
                "ipv6_cidr_blocks": [],
                "prefix_list_ids": [],
                "protocol": "tcp",
                "security_groups": [],
                "self": false,
                "to_port": 443
              },
              {
                "cidr_blocks": [
                  "0.0.0.0/0"
                ],
                "description": "",
                "from_port": 80,
                "ipv6_cidr_blocks": [],
                "prefix_list_ids": [],
                "protocol": "tcp",
                "security_groups": [],
                "self": false,
                "to_port": 80
              }
            ],
            "id": "sg-0e07dcad269bc9148",
            "ingress": [
              {
                "cidr_blocks": [
                  "0.0.0.0/0"
                ],
                "description": "",
                "from_port": 443,
                "ipv6_cidr_blocks": [],
                "prefix_list_ids": [],
                "protocol": "tcp",
                "security_groups": [],
                "self": false,
                "to_port": 443
              },
              {
                "cidr_blocks": [
                  "0.0.0.0/0"
                ],
                "description": "",
                "from_port": 80,
                "ipv6_cidr_blocks": [],
                "prefix_list_ids": [],
                "protocol": "tcp",
                "security_groups": [],
                "self": false,
                "to_port": 80
              }
            ],
            "name": "awseb-e-tx62adwg2k-stack-AWSEBLoadBalancerSecurityGroup-YHN2598U9WMU",
            "name_prefix": "",
            "owner_id": "050779347855",
            "revoke_rules_on_delete": null,
            "tags": {
              "Name": "identity-service-green",
              "elasticbeanstalk:environment-id": "e-tx62adwg2k",
              "elasticbeanstalk:environment-name": "identity-service-green"
            },
            "tags_all": {
              "Name": "identity-service-green",
              "elasticbeanstalk:environment-id": "e-tx62adwg2k",
              "elasticbeanstalk:environment-name": "identity-service-green"
            },
            "timeouts": null,
            "vpc_id": "vpc-0bd9acb7990b4154d"
          },
          "sensitive_attributes": []
        }
      ]
    },
    {
      "mode": "managed",
      "type": "aws_security_group",
      "name": "sg_0e3da0334f6f1024d",
      "provider": "provider[\"registry.terraform.io/hashicorp/aws\"]",
      "instances": [
        {
          "schema_version": 1,
          "attributes": {
            "arn": "arn:aws-us-gov:ec2:us-gov-west-1:050779347855:security-group/sg-0e3da0334f6f1024d",
            "description": "Load Balancer Security Group",
            "egress": [
              {
                "cidr_blocks": [
                  "0.0.0.0/0"
                ],
                "description": "",
                "from_port": 443,
                "ipv6_cidr_blocks": [],
                "prefix_list_ids": [],
                "protocol": "tcp",
                "security_groups": [],
                "self": false,
                "to_port": 443
              },
              {
                "cidr_blocks": [
                  "0.0.0.0/0"
                ],
                "description": "",
                "from_port": 80,
                "ipv6_cidr_blocks": [],
                "prefix_list_ids": [],
                "protocol": "tcp",
                "security_groups": [],
                "self": false,
                "to_port": 80
              }
            ],
            "id": "sg-0e3da0334f6f1024d",
            "ingress": [
              {
                "cidr_blocks": [
                  "0.0.0.0/0"
                ],
                "description": "",
                "from_port": 443,
                "ipv6_cidr_blocks": [],
                "prefix_list_ids": [],
                "protocol": "tcp",
                "security_groups": [],
                "self": false,
                "to_port": 443
              },
              {
                "cidr_blocks": [
                  "0.0.0.0/0"
                ],
                "description": "",
                "from_port": 80,
                "ipv6_cidr_blocks": [],
                "prefix_list_ids": [],
                "protocol": "tcp",
                "security_groups": [],
                "self": false,
                "to_port": 80
              }
            ],
            "name": "awseb-e-fbj96npvkw-stack-AWSEBLoadBalancerSecurityGroup-1T98S8Q4OKR33",
            "name_prefix": "",
            "owner_id": "050779347855",
            "revoke_rules_on_delete": null,
            "tags": {
              "Name": "identity-service-blue",
              "elasticbeanstalk:environment-id": "e-fbj96npvkw",
              "elasticbeanstalk:environment-name": "identity-service-blue"
            },
            "tags_all": {
              "Name": "identity-service-blue",
              "elasticbeanstalk:environment-id": "e-fbj96npvkw",
              "elasticbeanstalk:environment-name": "identity-service-blue"
            },
            "timeouts": null,
            "vpc_id": "vpc-0bd9acb7990b4154d"
          },
          "sensitive_attributes": []
        }
      ]
    },
    {
      "mode": "managed",
      "type": "aws_security_group",
      "name": "sg_0e3e058433a4793a7",
      "provider": "provider[\"registry.terraform.io/hashicorp/aws\"]",
      "instances": [
        {
          "schema_version": 1,
          "attributes": {
            "arn": "arn:aws-us-gov:ec2:us-gov-west-1:050779347855:security-group/sg-0e3e058433a4793a7",
            "description": "Load Balancer Security Group",
            "egress": [
              {
                "cidr_blocks": [
                  "0.0.0.0/0"
                ],
                "description": "",
                "from_port": 443,
                "ipv6_cidr_blocks": [],
                "prefix_list_ids": [],
                "protocol": "tcp",
                "security_groups": [],
                "self": false,
                "to_port": 443
              },
              {
                "cidr_blocks": [
                  "0.0.0.0/0"
                ],
                "description": "",
                "from_port": 80,
                "ipv6_cidr_blocks": [],
                "prefix_list_ids": [],
                "protocol": "tcp",
                "security_groups": [],
                "self": false,
                "to_port": 80
              }
            ],
            "id": "sg-0e3e058433a4793a7",
            "ingress": [
              {
                "cidr_blocks": [
                  "0.0.0.0/0"
                ],
                "description": "",
                "from_port": 443,
                "ipv6_cidr_blocks": [],
                "prefix_list_ids": [],
                "protocol": "tcp",
                "security_groups": [],
                "self": false,
                "to_port": 443
              },
              {
                "cidr_blocks": [
                  "0.0.0.0/0"
                ],
                "description": "",
                "from_port": 80,
                "ipv6_cidr_blocks": [],
                "prefix_list_ids": [],
                "protocol": "tcp",
                "security_groups": [],
                "self": false,
                "to_port": 80
              }
            ],
            "name": "awseb-e-rwv222b3qp-stack-AWSEBLoadBalancerSecurityGroup-SRJ45169VVTH",
            "name_prefix": "",
            "owner_id": "050779347855",
            "revoke_rules_on_delete": null,
            "tags": {
              "Name": "learner-web-ui-gateway-green",
              "elasticbeanstalk:environment-id": "e-rwv222b3qp",
              "elasticbeanstalk:environment-name": "learner-web-ui-gateway-green"
            },
            "tags_all": {
              "Name": "learner-web-ui-gateway-green",
              "elasticbeanstalk:environment-id": "e-rwv222b3qp",
              "elasticbeanstalk:environment-name": "learner-web-ui-gateway-green"
            },
            "timeouts": null,
            "vpc_id": "vpc-0bd9acb7990b4154d"
          },
          "sensitive_attributes": []
        }
      ]
    },
    {
      "mode": "managed",
      "type": "aws_security_group",
      "name": "sg_0f5539d3e349bae63",
      "provider": "provider[\"registry.terraform.io/hashicorp/aws\"]",
      "instances": [
        {
          "schema_version": 1,
          "attributes": {
            "arn": "arn:aws-us-gov:ec2:us-gov-west-1:050779347855:security-group/sg-0f5539d3e349bae63",
            "description": "VPC Security Group",
            "egress": [
              {
                "cidr_blocks": [
                  "0.0.0.0/0"
                ],
                "description": "",
                "from_port": 0,
                "ipv6_cidr_blocks": [],
                "prefix_list_ids": [],
                "protocol": "-1",
                "security_groups": [],
                "self": false,
                "to_port": 0
              }
            ],
            "id": "sg-0f5539d3e349bae63",
            "ingress": [
              {
                "cidr_blocks": [
                  "10.21.0.0/16"
                ],
                "description": "",
                "from_port": 80,
                "ipv6_cidr_blocks": [],
                "prefix_list_ids": [],
                "protocol": "tcp",
                "security_groups": [
                  "sg-02b8e9f6f4fa195b6"
                ],
                "self": false,
                "to_port": 80
              },
              {
                "cidr_blocks": [],
                "description": "",
                "from_port": 443,
                "ipv6_cidr_blocks": [],
                "prefix_list_ids": [],
                "protocol": "tcp",
                "security_groups": [
                  "sg-02b8e9f6f4fa195b6"
                ],
                "self": false,
                "to_port": 443
              }
            ],
            "name": "awseb-e-59p3bpnwec-stack-AWSEBSecurityGroup-11OMYDN3NI3AY",
            "name_prefix": "",
            "owner_id": "050779347855",
            "revoke_rules_on_delete": null,
            "tags": {
              "Name": "learner-web-ui-gateway-blue",
              "elasticbeanstalk:environment-id": "e-59p3bpnwec",
              "elasticbeanstalk:environment-name": "learner-web-ui-gateway-blue"
            },
            "tags_all": {
              "Name": "learner-web-ui-gateway-blue",
              "elasticbeanstalk:environment-id": "e-59p3bpnwec",
              "elasticbeanstalk:environment-name": "learner-web-ui-gateway-blue"
            },
            "timeouts": null,
            "vpc_id": "vpc-0bd9acb7990b4154d"
          },
          "sensitive_attributes": []
        }
      ]
    },
    {
      "mode": "managed",
      "type": "aws_subnet",
      "name": "subnet_00624cc56bc520484",
      "provider": "provider[\"registry.terraform.io/hashicorp/aws\"]",
      "instances": [
        {
          "schema_version": 1,
          "attributes": {
            "arn": "arn:aws-us-gov:ec2:us-gov-west-1:050779347855:subnet/subnet-00624cc56bc520484",
            "assign_ipv6_address_on_creation": false,
            "availability_zone": "us-gov-west-1c",
            "availability_zone_id": "usgw1-az3",
            "cidr_block": "172.16.128.128/26",
            "customer_owned_ipv4_pool": "",
            "enable_dns64": false,
            "enable_lni_at_device_index": 0,
            "enable_resource_name_dns_a_record_on_launch": false,
            "enable_resource_name_dns_aaaa_record_on_launch": false,
            "id": "subnet-00624cc56bc520484",
            "ipv6_cidr_block": "",
            "ipv6_cidr_block_association_id": "",
            "ipv6_native": false,
            "map_customer_owned_ip_on_launch": false,
            "map_public_ip_on_launch": true,
            "outpost_arn": "",
            "owner_id": "050779347855",
            "private_dns_hostname_type_on_launch": "ip-name",
            "tags": {
              "Name": "ThirdParty-public-c"
            },
            "tags_all": {
              "Name": "ThirdParty-public-c"
            },
            "timeouts": null,
            "vpc_id": "vpc-062a9bb71430eda86"
          },
          "sensitive_attributes": []
        }
      ]
    },
    {
      "mode": "managed",
      "type": "aws_subnet",
      "name": "subnet_04e27b7af0a76d7ee",
      "provider": "provider[\"registry.terraform.io/hashicorp/aws\"]",
      "instances": [
        {
          "schema_version": 1,
          "attributes": {
            "arn": "arn:aws-us-gov:ec2:us-gov-west-1:050779347855:subnet/subnet-04e27b7af0a76d7ee",
            "assign_ipv6_address_on_creation": false,
            "availability_zone": "us-gov-west-1a",
            "availability_zone_id": "usgw1-az2",
            "cidr_block": "10.21.0.0/19",
            "customer_owned_ipv4_pool": "",
            "enable_dns64": false,
            "enable_lni_at_device_index": 0,
            "enable_resource_name_dns_a_record_on_launch": false,
            "enable_resource_name_dns_aaaa_record_on_launch": false,
            "id": "subnet-04e27b7af0a76d7ee",
            "ipv6_cidr_block": "",
            "ipv6_cidr_block_association_id": "",
            "ipv6_native": false,
            "map_customer_owned_ip_on_launch": false,
            "map_public_ip_on_launch": false,
            "outpost_arn": "",
            "owner_id": "050779347855",
            "private_dns_hostname_type_on_launch": "ip-name",
            "tags": {
              "DeploymentEnvironment": "production",
              "Name": "production-private-a"
            },
            "tags_all": {
              "DeploymentEnvironment": "production",
              "Name": "production-private-a"
            },
            "timeouts": null,
            "vpc_id": "vpc-0bd9acb7990b4154d"
          },
          "sensitive_attributes": []
        }
      ]
    },
    {
      "mode": "managed",
      "type": "aws_subnet",
      "name": "subnet_05203dc92b0823553",
      "provider": "provider[\"registry.terraform.io/hashicorp/aws\"]",
      "instances": [
        {
          "schema_version": 1,
          "attributes": {
            "arn": "arn:aws-us-gov:ec2:us-gov-west-1:050779347855:subnet/subnet-05203dc92b0823553",
            "assign_ipv6_address_on_creation": false,
            "availability_zone": "us-gov-west-1b",
            "availability_zone_id": "usgw1-az1",
            "cidr_block": "10.21.32.0/19",
            "customer_owned_ipv4_pool": "",
            "enable_dns64": false,
            "enable_lni_at_device_index": 0,
            "enable_resource_name_dns_a_record_on_launch": false,
            "enable_resource_name_dns_aaaa_record_on_launch": false,
            "id": "subnet-05203dc92b0823553",
            "ipv6_cidr_block": "",
            "ipv6_cidr_block_association_id": "",
            "ipv6_native": false,
            "map_customer_owned_ip_on_launch": false,
            "map_public_ip_on_launch": false,
            "outpost_arn": "",
            "owner_id": "050779347855",
            "private_dns_hostname_type_on_launch": "ip-name",
            "tags": {
              "DeploymentEnvironment": "production",
              "Name": "production-private-b"
            },
            "tags_all": {
              "DeploymentEnvironment": "production",
              "Name": "production-private-b"
            },
            "timeouts": null,
            "vpc_id": "vpc-0bd9acb7990b4154d"
          },
          "sensitive_attributes": []
        }
      ]
    },
    {
      "mode": "managed",
      "type": "aws_subnet",
      "name": "subnet_05abe9522c20e70aa",
      "provider": "provider[\"registry.terraform.io/hashicorp/aws\"]",
      "instances": [
        {
          "schema_version": 1,
          "attributes": {
            "arn": "arn:aws-us-gov:ec2:us-gov-west-1:050779347855:subnet/subnet-05abe9522c20e70aa",
            "assign_ipv6_address_on_creation": false,
            "availability_zone": "us-gov-west-1b",
            "availability_zone_id": "usgw1-az1",
            "cidr_block": "172.16.0.0/26",
            "customer_owned_ipv4_pool": "",
            "enable_dns64": false,
            "enable_lni_at_device_index": 0,
            "enable_resource_name_dns_a_record_on_launch": false,
            "enable_resource_name_dns_aaaa_record_on_launch": false,
            "id": "subnet-05abe9522c20e70aa",
            "ipv6_cidr_block": "",
            "ipv6_cidr_block_association_id": "",
            "ipv6_native": false,
            "map_customer_owned_ip_on_launch": false,
            "map_public_ip_on_launch": true,
            "outpost_arn": "",
            "owner_id": "050779347855",
            "private_dns_hostname_type_on_launch": "ip-name",
            "tags": {
              "DeploymentEnvironment": "DeveloperTools",
              "Name": "DeveloperTools-public-b"
            },
            "tags_all": {
              "DeploymentEnvironment": "DeveloperTools",
              "Name": "DeveloperTools-public-b"
            },
            "timeouts": null,
            "vpc_id": "vpc-0c883d416072b2572"
          },
          "sensitive_attributes": []
        }
      ]
    },
    {
      "mode": "managed",
      "type": "aws_subnet",
      "name": "subnet_0680aa96bc65f072d",
      "provider": "provider[\"registry.terraform.io/hashicorp/aws\"]",
      "instances": [
        {
          "schema_version": 1,
          "attributes": {
            "arn": "arn:aws-us-gov:ec2:us-gov-west-1:050779347855:subnet/subnet-0680aa96bc65f072d",
            "assign_ipv6_address_on_creation": false,
            "availability_zone": "us-gov-west-1a",
            "availability_zone_id": "usgw1-az2",
            "cidr_block": "10.21.128.0/20",
            "customer_owned_ipv4_pool": "",
            "enable_dns64": false,
            "enable_lni_at_device_index": 0,
            "enable_resource_name_dns_a_record_on_launch": false,
            "enable_resource_name_dns_aaaa_record_on_launch": false,
            "id": "subnet-0680aa96bc65f072d",
            "ipv6_cidr_block": "",
            "ipv6_cidr_block_association_id": "",
            "ipv6_native": false,
            "map_customer_owned_ip_on_launch": false,
            "map_public_ip_on_launch": true,
            "outpost_arn": "",
            "owner_id": "050779347855",
            "private_dns_hostname_type_on_launch": "ip-name",
            "tags": {
              "DeploymentEnvironment": "production",
              "Name": "production-public-a"
            },
            "tags_all": {
              "DeploymentEnvironment": "production",
              "Name": "production-public-a"
            },
            "timeouts": null,
            "vpc_id": "vpc-0bd9acb7990b4154d"
          },
          "sensitive_attributes": []
        }
      ]
    },
    {
      "mode": "managed",
      "type": "aws_subnet",
      "name": "subnet_07402e5b661b23bec",
      "provider": "provider[\"registry.terraform.io/hashicorp/aws\"]",
      "instances": [
        {
          "schema_version": 1,
          "attributes": {
            "arn": "arn:aws-us-gov:ec2:us-gov-west-1:050779347855:subnet/subnet-07402e5b661b23bec",
            "assign_ipv6_address_on_creation": false,
            "availability_zone": "us-gov-west-1b",
            "availability_zone_id": "usgw1-az1",
            "cidr_block": "10.21.144.0/20",
            "customer_owned_ipv4_pool": "",
            "enable_dns64": false,
            "enable_lni_at_device_index": 0,
            "enable_resource_name_dns_a_record_on_launch": false,
            "enable_resource_name_dns_aaaa_record_on_launch": false,
            "id": "subnet-07402e5b661b23bec",
            "ipv6_cidr_block": "",
            "ipv6_cidr_block_association_id": "",
            "ipv6_native": false,
            "map_customer_owned_ip_on_launch": false,
            "map_public_ip_on_launch": true,
            "outpost_arn": "",
            "owner_id": "050779347855",
            "private_dns_hostname_type_on_launch": "ip-name",
            "tags": {
              "DeploymentEnvironment": "production",
              "Name": "production-public-b"
            },
            "tags_all": {
              "DeploymentEnvironment": "production",
              "Name": "production-public-b"
            },
            "timeouts": null,
            "vpc_id": "vpc-0bd9acb7990b4154d"
          },
          "sensitive_attributes": []
        }
      ]
    },
    {
      "mode": "managed",
      "type": "aws_subnet",
      "name": "subnet_076f8b852c6b60060",
      "provider": "provider[\"registry.terraform.io/hashicorp/aws\"]",
      "instances": [
        {
          "schema_version": 1,
          "attributes": {
            "arn": "arn:aws-us-gov:ec2:us-gov-west-1:050779347855:subnet/subnet-076f8b852c6b60060",
            "assign_ipv6_address_on_creation": false,
            "availability_zone": "us-gov-west-1c",
            "availability_zone_id": "usgw1-az3",
            "cidr_block": "10.21.160.0/20",
            "customer_owned_ipv4_pool": "",
            "enable_dns64": false,
            "enable_lni_at_device_index": 0,
            "enable_resource_name_dns_a_record_on_launch": false,
            "enable_resource_name_dns_aaaa_record_on_launch": false,
            "id": "subnet-076f8b852c6b60060",
            "ipv6_cidr_block": "",
            "ipv6_cidr_block_association_id": "",
            "ipv6_native": false,
            "map_customer_owned_ip_on_launch": false,
            "map_public_ip_on_launch": true,
            "outpost_arn": "",
            "owner_id": "050779347855",
            "private_dns_hostname_type_on_launch": "ip-name",
            "tags": {
              "DeploymentEnvironment": "production",
              "Name": "production-public-c"
            },
            "tags_all": {
              "DeploymentEnvironment": "production",
              "Name": "production-public-c"
            },
            "timeouts": null,
            "vpc_id": "vpc-0bd9acb7990b4154d"
          },
          "sensitive_attributes": []
        }
      ]
    },
    {
      "mode": "managed",
      "type": "aws_subnet",
      "name": "subnet_08f964badcff95e70",
      "provider": "provider[\"registry.terraform.io/hashicorp/aws\"]",
      "instances": [
        {
          "schema_version": 1,
          "attributes": {
            "arn": "arn:aws-us-gov:ec2:us-gov-west-1:050779347855:subnet/subnet-08f964badcff95e70",
            "assign_ipv6_address_on_creation": false,
            "availability_zone": "us-gov-west-1a",
            "availability_zone_id": "usgw1-az2",
            "cidr_block": "172.16.128.0/26",
            "customer_owned_ipv4_pool": "",
            "enable_dns64": false,
            "enable_lni_at_device_index": 0,
            "enable_resource_name_dns_a_record_on_launch": false,
            "enable_resource_name_dns_aaaa_record_on_launch": false,
            "id": "subnet-08f964badcff95e70",
            "ipv6_cidr_block": "",
            "ipv6_cidr_block_association_id": "",
            "ipv6_native": false,
            "map_customer_owned_ip_on_launch": false,
            "map_public_ip_on_launch": true,
            "outpost_arn": "",
            "owner_id": "050779347855",
            "private_dns_hostname_type_on_launch": "ip-name",
            "tags": {
              "Name": "ThirdParty-public-a"
            },
            "tags_all": {
              "Name": "ThirdParty-public-a"
            },
            "timeouts": null,
            "vpc_id": "vpc-062a9bb71430eda86"
          },
          "sensitive_attributes": []
        }
      ]
    },
    {
      "mode": "managed",
      "type": "aws_subnet",
      "name": "subnet_096303542f2113a20",
      "provider": "provider[\"registry.terraform.io/hashicorp/aws\"]",
      "instances": [
        {
          "schema_version": 1,
          "attributes": {
            "arn": "arn:aws-us-gov:ec2:us-gov-west-1:050779347855:subnet/subnet-096303542f2113a20",
            "assign_ipv6_address_on_creation": false,
            "availability_zone": "us-gov-west-1c",
            "availability_zone_id": "usgw1-az3",
            "cidr_block": "10.21.64.0/19",
            "customer_owned_ipv4_pool": "",
            "enable_dns64": false,
            "enable_lni_at_device_index": 0,
            "enable_resource_name_dns_a_record_on_launch": false,
            "enable_resource_name_dns_aaaa_record_on_launch": false,
            "id": "subnet-096303542f2113a20",
            "ipv6_cidr_block": "",
            "ipv6_cidr_block_association_id": "",
            "ipv6_native": false,
            "map_customer_owned_ip_on_launch": false,
            "map_public_ip_on_launch": false,
            "outpost_arn": "",
            "owner_id": "050779347855",
            "private_dns_hostname_type_on_launch": "ip-name",
            "tags": {
              "DeploymentEnvironment": "production",
              "Name": "production-private-c"
            },
            "tags_all": {
              "DeploymentEnvironment": "production",
              "Name": "production-private-c"
            },
            "timeouts": null,
            "vpc_id": "vpc-0bd9acb7990b4154d"
          },
          "sensitive_attributes": []
        }
      ]
    },
    {
      "mode": "managed",
      "type": "aws_subnet",
      "name": "subnet_0a92863259a3cd002",
      "provider": "provider[\"registry.terraform.io/hashicorp/aws\"]",
      "instances": [
        {
          "schema_version": 1,
          "attributes": {
            "arn": "arn:aws-us-gov:ec2:us-gov-west-1:050779347855:subnet/subnet-0a92863259a3cd002",
            "assign_ipv6_address_on_creation": false,
            "availability_zone": "us-gov-west-1b",
            "availability_zone_id": "usgw1-az1",
            "cidr_block": "172.16.128.64/26",
            "customer_owned_ipv4_pool": "",
            "enable_dns64": false,
            "enable_lni_at_device_index": 0,
            "enable_resource_name_dns_a_record_on_launch": false,
            "enable_resource_name_dns_aaaa_record_on_launch": false,
            "id": "subnet-0a92863259a3cd002",
            "ipv6_cidr_block": "",
            "ipv6_cidr_block_association_id": "",
            "ipv6_native": false,
            "map_customer_owned_ip_on_launch": false,
            "map_public_ip_on_launch": true,
            "outpost_arn": "",
            "owner_id": "050779347855",
            "private_dns_hostname_type_on_launch": "ip-name",
            "tags": {
              "Name": "ThirdParty-public-b"
            },
            "tags_all": {
              "Name": "ThirdParty-public-b"
            },
            "timeouts": null,
            "vpc_id": "vpc-062a9bb71430eda86"
          },
          "sensitive_attributes": []
        }
      ]
    },
    {
      "mode": "managed",
      "type": "aws_subnet",
      "name": "subnet_0d9fc337565eaccd1",
      "provider": "provider[\"registry.terraform.io/hashicorp/aws\"]",
      "instances": [
        {
          "schema_version": 1,
          "attributes": {
            "arn": "arn:aws-us-gov:ec2:us-gov-west-1:050779347855:subnet/subnet-0d9fc337565eaccd1",
            "assign_ipv6_address_on_creation": false,
            "availability_zone": "us-gov-west-1c",
            "availability_zone_id": "usgw1-az3",
            "cidr_block": "172.16.0.64/26",
            "customer_owned_ipv4_pool": "",
            "enable_dns64": false,
            "enable_lni_at_device_index": 0,
            "enable_resource_name_dns_a_record_on_launch": false,
            "enable_resource_name_dns_aaaa_record_on_launch": false,
            "id": "subnet-0d9fc337565eaccd1",
            "ipv6_cidr_block": "",
            "ipv6_cidr_block_association_id": "",
            "ipv6_native": false,
            "map_customer_owned_ip_on_launch": false,
            "map_public_ip_on_launch": true,
            "outpost_arn": "",
            "owner_id": "050779347855",
            "private_dns_hostname_type_on_launch": "ip-name",
            "tags": {
              "DeploymentEnvironment": "DeveloperTools",
              "Name": "DeveloperTools-public-c"
            },
            "tags_all": {
              "DeploymentEnvironment": "DeveloperTools",
              "Name": "DeveloperTools-public-c"
            },
            "timeouts": null,
            "vpc_id": "vpc-0c883d416072b2572"
          },
          "sensitive_attributes": []
        }
      ]
    },
    {
      "mode": "managed",
      "type": "aws_vpc",
      "name": "vpc_062a9bb71430eda86",
      "provider": "provider[\"registry.terraform.io/hashicorp/aws\"]",
      "instances": [
        {
          "schema_version": 1,
          "attributes": {
            "arn": "arn:aws-us-gov:ec2:us-gov-west-1:050779347855:vpc/vpc-062a9bb71430eda86",
            "assign_generated_ipv6_cidr_block": false,
            "cidr_block": "172.16.128.0/24",
            "default_network_acl_id": "acl-0b496595344b7c906",
            "default_route_table_id": "rtb-0650b3e5bc7cf549f",
            "default_security_group_id": "sg-0b4b0aecfd7841178",
            "dhcp_options_id": "dopt-029bb7c8f84474030",
            "enable_classiclink": false,
            "enable_classiclink_dns_support": false,
            "enable_dns_hostnames": true,
            "enable_dns_support": true,
            "enable_network_address_usage_metrics": false,
            "id": "vpc-062a9bb71430eda86",
            "instance_tenancy": "default",
            "ipv4_ipam_pool_id": null,
            "ipv4_netmask_length": null,
            "ipv6_association_id": "",
            "ipv6_cidr_block": "",
            "ipv6_cidr_block_network_border_group": "",
            "ipv6_ipam_pool_id": "",
            "ipv6_netmask_length": 0,
            "main_route_table_id": "rtb-0650b3e5bc7cf549f",
            "owner_id": "050779347855",
            "tags": {
              "Name": "ThirdParty"
            },
            "tags_all": {
              "Name": "ThirdParty"
            }
          },
          "sensitive_attributes": []
        }
      ]
    },
    {
      "mode": "managed",
      "type": "aws_vpc",
      "name": "vpc_0bd9acb7990b4154d",
      "provider": "provider[\"registry.terraform.io/hashicorp/aws\"]",
      "instances": [
        {
          "schema_version": 1,
          "attributes": {
            "arn": "arn:aws-us-gov:ec2:us-gov-west-1:050779347855:vpc/vpc-0bd9acb7990b4154d",
            "assign_generated_ipv6_cidr_block": false,
            "cidr_block": "10.21.0.0/16",
            "default_network_acl_id": "acl-0f634e655422458e7",
            "default_route_table_id": "rtb-0ffdd5c1eeea40e3b",
            "default_security_group_id": "sg-0225c1bf65436ba5e",
            "dhcp_options_id": "dopt-029bb7c8f84474030",
            "enable_classiclink": false,
            "enable_classiclink_dns_support": false,
            "enable_dns_hostnames": true,
            "enable_dns_support": true,
            "enable_network_address_usage_metrics": false,
            "id": "vpc-0bd9acb7990b4154d",
            "instance_tenancy": "default",
            "ipv4_ipam_pool_id": null,
            "ipv4_netmask_length": null,
            "ipv6_association_id": "",
            "ipv6_cidr_block": "",
            "ipv6_cidr_block_network_border_group": "",
            "ipv6_ipam_pool_id": "",
            "ipv6_netmask_length": 0,
            "main_route_table_id": "rtb-0ffdd5c1eeea40e3b",
            "owner_id": "050779347855",
            "tags": {
              "DeploymentEnvironment": "production",
              "Name": "production"
            },
            "tags_all": {
              "DeploymentEnvironment": "production",
              "Name": "production"
            }
          },
          "sensitive_attributes": []
        }
      ]
    },
    {
      "mode": "managed",
      "type": "aws_vpc",
      "name": "vpc_0c883d416072b2572",
      "provider": "provider[\"registry.terraform.io/hashicorp/aws\"]",
      "instances": [
        {
          "schema_version": 1,
          "attributes": {
            "arn": "arn:aws-us-gov:ec2:us-gov-west-1:050779347855:vpc/vpc-0c883d416072b2572",
            "assign_generated_ipv6_cidr_block": false,
            "cidr_block": "172.16.0.0/24",
            "default_network_acl_id": "acl-0d49a9e8319454d86",
            "default_route_table_id": "rtb-03ebd081b9afeb921",
            "default_security_group_id": "sg-0453e5789d4470402",
            "dhcp_options_id": "dopt-029bb7c8f84474030",
            "enable_classiclink": false,
            "enable_classiclink_dns_support": false,
            "enable_dns_hostnames": true,
            "enable_dns_support": true,
            "enable_network_address_usage_metrics": false,
            "id": "vpc-0c883d416072b2572",
            "instance_tenancy": "default",
            "ipv4_ipam_pool_id": null,
            "ipv4_netmask_length": null,
            "ipv6_association_id": "",
            "ipv6_cidr_block": "",
            "ipv6_cidr_block_network_border_group": "",
            "ipv6_ipam_pool_id": "",
            "ipv6_netmask_length": 0,
            "main_route_table_id": "rtb-03ebd081b9afeb921",
            "owner_id": "050779347855",
            "tags": {
              "DeploymentEnvironment": "DeveloperTools",
              "Name": "DeveloperTools"
            },
            "tags_all": {
              "DeploymentEnvironment": "DeveloperTools",
              "Name": "DeveloperTools"
            }
          },
          "sensitive_attributes": []
        }
      ]
    },
    {
      "mode": "managed",
      "type": "aws_vpc_dhcp_options",
      "name": "dopt_029bb7c8f84474030",
      "provider": "provider[\"registry.terraform.io/hashicorp/aws\"]",
      "instances": [
        {
          "schema_version": 0,
          "attributes": {
            "arn": "arn:aws-us-gov:ec2:us-gov-west-1:050779347855:dhcp-options/dopt-029bb7c8f84474030",
            "domain_name": "us-gov-west-1.compute.internal",
            "domain_name_servers": [
              "AmazonProvidedDNS"
            ],
            "id": "dopt-029bb7c8f84474030",
            "netbios_name_servers": [],
            "netbios_node_type": "",
            "ntp_servers": [],
            "owner_id": "050779347855",
            "tags": {},
            "tags_all": {}
          },
          "sensitive_attributes": []
        }
      ]
    },
    {
      "mode": "managed",
      "type": "aws_vpc_dhcp_options_association",
      "name": "dopt_029bb7c8f84474030_vpc_062a9bb71430eda86",
      "provider": "provider[\"registry.terraform.io/hashicorp/aws\"]",
      "instances": [
        {
          "schema_version": 0,
          "attributes": {
            "dhcp_options_id": "dopt-029bb7c8f84474030",
            "id": "dopt-029bb7c8f84474030-vpc-062a9bb71430eda86",
            "vpc_id": "vpc-062a9bb71430eda86"
          },
          "sensitive_attributes": []
        }
      ]
    },
    {
      "mode": "managed",
      "type": "aws_vpc_dhcp_options_association",
      "name": "dopt_029bb7c8f84474030_vpc_0bd9acb7990b4154d",
      "provider": "provider[\"registry.terraform.io/hashicorp/aws\"]",
      "instances": [
        {
          "schema_version": 0,
          "attributes": {
            "dhcp_options_id": "dopt-029bb7c8f84474030",
            "id": "dopt-029bb7c8f84474030-vpc-0bd9acb7990b4154d",
            "vpc_id": "vpc-0bd9acb7990b4154d"
          },
          "sensitive_attributes": []
        }
      ]
    },
    {
      "mode": "managed",
      "type": "aws_vpc_dhcp_options_association",
      "name": "dopt_029bb7c8f84474030_vpc_0c883d416072b2572",
      "provider": "provider[\"registry.terraform.io/hashicorp/aws\"]",
      "instances": [
        {
          "schema_version": 0,
          "attributes": {
            "dhcp_options_id": "dopt-029bb7c8f84474030",
            "id": "dopt-029bb7c8f84474030-vpc-0c883d416072b2572",
            "vpc_id": "vpc-0c883d416072b2572"
          },
          "sensitive_attributes": []
        }
      ]
    },
    {
      "mode": "managed",
      "type": "aws_vpc_ipv4_cidr_block_association",
      "name": "vpc_cidr_assoc_0070ee72400175b63",
      "provider": "provider[\"registry.terraform.io/hashicorp/aws\"]",
      "instances": [
        {
          "schema_version": 0,
          "attributes": {
            "cidr_block": "172.16.128.0/24",
            "id": "vpc-cidr-assoc-0070ee72400175b63",
            "ipv4_ipam_pool_id": null,
            "ipv4_netmask_length": null,
            "timeouts": null,
            "vpc_id": "vpc-062a9bb71430eda86"
          },
          "sensitive_attributes": []
        }
      ]
    },
    {
      "mode": "managed",
      "type": "aws_vpc_ipv4_cidr_block_association",
      "name": "vpc_cidr_assoc_0475608b00828d7d4",
      "provider": "provider[\"registry.terraform.io/hashicorp/aws\"]",
      "instances": [
        {
          "schema_version": 0,
          "attributes": {
            "cidr_block": "10.21.0.0/16",
            "id": "vpc-cidr-assoc-0475608b00828d7d4",
            "ipv4_ipam_pool_id": null,
            "ipv4_netmask_length": null,
            "timeouts": null,
            "vpc_id": "vpc-0bd9acb7990b4154d"
          },
          "sensitive_attributes": []
        }
      ]
    },
    {
      "mode": "managed",
      "type": "aws_vpc_ipv4_cidr_block_association",
      "name": "vpc_cidr_assoc_080524373fe87352c",
      "provider": "provider[\"registry.terraform.io/hashicorp/aws\"]",
      "instances": [
        {
          "schema_version": 0,
          "attributes": {
            "cidr_block": "172.16.0.0/24",
            "id": "vpc-cidr-assoc-080524373fe87352c",
            "ipv4_ipam_pool_id": null,
            "ipv4_netmask_length": null,
            "timeouts": null,
            "vpc_id": "vpc-0c883d416072b2572"
          },
          "sensitive_attributes": []
        }
      ]
    },
    {
      "mode": "managed",
      "type": "aws_vpc_peering_connection",
      "name": "pcx_0e687a961b2e51509",
      "provider": "provider[\"registry.terraform.io/hashicorp/aws\"]",
      "instances": [
        {
          "schema_version": 0,
          "attributes": {
            "accept_status": "active",
            "accepter": [],
            "auto_accept": null,
            "id": "pcx-0e687a961b2e51509",
            "peer_owner_id": "050771341720",
            "peer_region": "us-gov-west-1",
            "peer_vpc_id": "vpc-039a5e5dc91372d60",
            "requester": [
              {
                "allow_classic_link_to_remote_vpc": false,
                "allow_remote_vpc_dns_resolution": false,
                "allow_vpc_to_remote_classic_link": false
              }
            ],
            "tags": {
              "Name": "integration-DeveloperTools"
            },
            "tags_all": {
              "Name": "integration-DeveloperTools"
            },
            "timeouts": null,
            "vpc_id": "vpc-0c883d416072b2572"
          },
          "sensitive_attributes": []
        }
      ]
    },
    {
      "mode": "managed",
      "type": "aws_vpc_peering_connection_accepter",
      "name": "pcx_0e687a961b2e51509",
      "provider": "provider[\"registry.terraform.io/hashicorp/aws\"]",
      "instances": [
        {
          "schema_version": 0,
          "attributes": {
            "accept_status": "active",
            "accepter": [],
            "auto_accept": true,
            "id": "pcx-0e687a961b2e51509",
            "peer_owner_id": "050771341720",
            "peer_region": "us-gov-west-1",
            "peer_vpc_id": "vpc-039a5e5dc91372d60",
            "requester": [
              {
                "allow_classic_link_to_remote_vpc": false,
                "allow_remote_vpc_dns_resolution": false,
                "allow_vpc_to_remote_classic_link": false
              }
            ],
            "tags": {
              "Name": "integration-DeveloperTools"
            },
            "tags_all": {
              "Name": "integration-DeveloperTools"
            },
            "timeouts": null,
            "vpc_id": "vpc-0c883d416072b2572",
            "vpc_peering_connection_id": "pcx-0e687a961b2e51509"
          },
          "sensitive_attributes": []
        }
      ]
    },
    {
      "mode": "managed",
      "type": "aws_vpc_peering_connection_options",
      "name": "pcx_0e687a961b2e51509",
      "provider": "provider[\"registry.terraform.io/hashicorp/aws\"]",
      "instances": [
        {
          "schema_version": 0,
          "attributes": {
            "accepter": [],
            "id": "pcx-0e687a961b2e51509",
            "requester": [
              {
                "allow_classic_link_to_remote_vpc": false,
                "allow_remote_vpc_dns_resolution": false,
                "allow_vpc_to_remote_classic_link": false
              }
            ],
            "vpc_peering_connection_id": "pcx-0e687a961b2e51509"
          },
          "sensitive_attributes": []
        }
      ]
    },
    {
      "mode": "managed",
      "type": "aws_vpc_security_group_egress_rule",
      "name": "sgr_0008e09760c6ce549",
      "provider": "provider[\"registry.terraform.io/hashicorp/aws\"]",
      "instances": [
        {
          "schema_version": 0,
          "attributes": {
            "arn": "arn:aws-us-gov:ec2:us-gov-west-1:050779347855:security-group-rule/sgr-0008e09760c6ce549",
            "cidr_ipv4": "0.0.0.0/0",
            "cidr_ipv6": null,
            "description": null,
            "from_port": 443,
            "id": "sgr-0008e09760c6ce549",
            "ip_protocol": "tcp",
            "prefix_list_id": null,
            "referenced_security_group_id": null,
            "security_group_id": "sg-07f009cc182a06a04",
            "security_group_rule_id": "sgr-0008e09760c6ce549",
            "tags": null,
            "tags_all": {},
            "to_port": 443
          },
          "sensitive_attributes": []
        }
      ]
    },
    {
      "mode": "managed",
      "type": "aws_vpc_security_group_egress_rule",
      "name": "sgr_0017480b9d0a8fb45",
      "provider": "provider[\"registry.terraform.io/hashicorp/aws\"]",
      "instances": [
        {
          "schema_version": 0,
          "attributes": {
            "arn": "arn:aws-us-gov:ec2:us-gov-west-1:050779347855:security-group-rule/sgr-0017480b9d0a8fb45",
            "cidr_ipv4": "0.0.0.0/0",
            "cidr_ipv6": null,
            "description": null,
            "from_port": null,
            "id": "sgr-0017480b9d0a8fb45",
            "ip_protocol": "-1",
            "prefix_list_id": null,
            "referenced_security_group_id": null,
            "security_group_id": "sg-0d799b653c4043218",
            "security_group_rule_id": "sgr-0017480b9d0a8fb45",
            "tags": null,
            "tags_all": {},
            "to_port": null
          },
          "sensitive_attributes": []
        }
      ]
    },
    {
      "mode": "managed",
      "type": "aws_vpc_security_group_egress_rule",
      "name": "sgr_00ae39d5c8abf5269",
      "provider": "provider[\"registry.terraform.io/hashicorp/aws\"]",
      "instances": [
        {
          "schema_version": 0,
          "attributes": {
            "arn": "arn:aws-us-gov:ec2:us-gov-west-1:050779347855:security-group-rule/sgr-00ae39d5c8abf5269",
            "cidr_ipv4": "0.0.0.0/0",
            "cidr_ipv6": null,
            "description": null,
            "from_port": null,
            "id": "sgr-00ae39d5c8abf5269",
            "ip_protocol": "-1",
            "prefix_list_id": null,
            "referenced_security_group_id": null,
            "security_group_id": "sg-0f5539d3e349bae63",
            "security_group_rule_id": "sgr-00ae39d5c8abf5269",
            "tags": null,
            "tags_all": {},
            "to_port": null
          },
          "sensitive_attributes": []
        }
      ]
    },
    {
      "mode": "managed",
      "type": "aws_vpc_security_group_egress_rule",
      "name": "sgr_00c8263bc55addec6",
      "provider": "provider[\"registry.terraform.io/hashicorp/aws\"]",
      "instances": [
        {
          "schema_version": 0,
          "attributes": {
            "arn": "arn:aws-us-gov:ec2:us-gov-west-1:050779347855:security-group-rule/sgr-00c8263bc55addec6",
            "cidr_ipv4": "0.0.0.0/0",
            "cidr_ipv6": null,
            "description": null,
            "from_port": null,
            "id": "sgr-00c8263bc55addec6",
            "ip_protocol": "-1",
            "prefix_list_id": null,
            "referenced_security_group_id": null,
            "security_group_id": "sg-0b0eed2b18edcbfaa",
            "security_group_rule_id": "sgr-00c8263bc55addec6",
            "tags": null,
            "tags_all": {},
            "to_port": null
          },
          "sensitive_attributes": []
        }
      ]
    },
    {
      "mode": "managed",
      "type": "aws_vpc_security_group_egress_rule",
      "name": "sgr_00e6c7e266f76ff24",
      "provider": "provider[\"registry.terraform.io/hashicorp/aws\"]",
      "instances": [
        {
          "schema_version": 0,
          "attributes": {
            "arn": "arn:aws-us-gov:ec2:us-gov-west-1:050779347855:security-group-rule/sgr-00e6c7e266f76ff24",
            "cidr_ipv4": "0.0.0.0/0",
            "cidr_ipv6": null,
            "description": null,
            "from_port": null,
            "id": "sgr-00e6c7e266f76ff24",
            "ip_protocol": "-1",
            "prefix_list_id": null,
            "referenced_security_group_id": null,
            "security_group_id": "sg-00a3f418f039eac2a",
            "security_group_rule_id": "sgr-00e6c7e266f76ff24",
            "tags": null,
            "tags_all": {},
            "to_port": null
          },
          "sensitive_attributes": []
        }
      ]
    },
    {
      "mode": "managed",
      "type": "aws_vpc_security_group_egress_rule",
      "name": "sgr_00ec2b73937425668",
      "provider": "provider[\"registry.terraform.io/hashicorp/aws\"]",
      "instances": [
        {
          "schema_version": 0,
          "attributes": {
            "arn": "arn:aws-us-gov:ec2:us-gov-west-1:050779347855:security-group-rule/sgr-00ec2b73937425668",
            "cidr_ipv4": "0.0.0.0/0",
            "cidr_ipv6": null,
            "description": null,
            "from_port": null,
            "id": "sgr-00ec2b73937425668",
            "ip_protocol": "-1",
            "prefix_list_id": null,
            "referenced_security_group_id": null,
            "security_group_id": "sg-00980b7da446e1fe7",
            "security_group_rule_id": "sgr-00ec2b73937425668",
            "tags": null,
            "tags_all": {},
            "to_port": null
          },
          "sensitive_attributes": []
        }
      ]
    },
    {
      "mode": "managed",
      "type": "aws_vpc_security_group_egress_rule",
      "name": "sgr_00f573912af4a201e",
      "provider": "provider[\"registry.terraform.io/hashicorp/aws\"]",
      "instances": [
        {
          "schema_version": 0,
          "attributes": {
            "arn": "arn:aws-us-gov:ec2:us-gov-west-1:050779347855:security-group-rule/sgr-00f573912af4a201e",
            "cidr_ipv4": "0.0.0.0/0",
            "cidr_ipv6": null,
            "description": null,
            "from_port": null,
            "id": "sgr-00f573912af4a201e",
            "ip_protocol": "-1",
            "prefix_list_id": null,
            "referenced_security_group_id": null,
            "security_group_id": "sg-091b35fd5feaac3d0",
            "security_group_rule_id": "sgr-00f573912af4a201e",
            "tags": null,
            "tags_all": {},
            "to_port": null
          },
          "sensitive_attributes": []
        }
      ]
    },
    {
      "mode": "managed",
      "type": "aws_vpc_security_group_egress_rule",
      "name": "sgr_0173b147b50765e76",
      "provider": "provider[\"registry.terraform.io/hashicorp/aws\"]",
      "instances": [
        {
          "schema_version": 0,
          "attributes": {
            "arn": "arn:aws-us-gov:ec2:us-gov-west-1:050779347855:security-group-rule/sgr-0173b147b50765e76",
            "cidr_ipv4": "0.0.0.0/0",
            "cidr_ipv6": null,
            "description": null,
            "from_port": 80,
            "id": "sgr-0173b147b50765e76",
            "ip_protocol": "tcp",
            "prefix_list_id": null,
            "referenced_security_group_id": null,
            "security_group_id": "sg-07f009cc182a06a04",
            "security_group_rule_id": "sgr-0173b147b50765e76",
            "tags": null,
            "tags_all": {},
            "to_port": 80
          },
          "sensitive_attributes": []
        }
      ]
    },
    {
      "mode": "managed",
      "type": "aws_vpc_security_group_egress_rule",
      "name": "sgr_01baf459c8a5fd2f4",
      "provider": "provider[\"registry.terraform.io/hashicorp/aws\"]",
      "instances": [
        {
          "schema_version": 0,
          "attributes": {
            "arn": "arn:aws-us-gov:ec2:us-gov-west-1:050779347855:security-group-rule/sgr-01baf459c8a5fd2f4",
            "cidr_ipv4": "0.0.0.0/0",
            "cidr_ipv6": null,
            "description": null,
            "from_port": null,
            "id": "sgr-01baf459c8a5fd2f4",
            "ip_protocol": "-1",
            "prefix_list_id": null,
            "referenced_security_group_id": null,
            "security_group_id": "sg-0664cb51cf00919ed",
            "security_group_rule_id": "sgr-01baf459c8a5fd2f4",
            "tags": null,
            "tags_all": {},
            "to_port": null
          },
          "sensitive_attributes": []
        }
      ]
    },
    {
      "mode": "managed",
      "type": "aws_vpc_security_group_egress_rule",
      "name": "sgr_01f2179b6e64845a7",
      "provider": "provider[\"registry.terraform.io/hashicorp/aws\"]",
      "instances": [
        {
          "schema_version": 0,
          "attributes": {
            "arn": "arn:aws-us-gov:ec2:us-gov-west-1:050779347855:security-group-rule/sgr-01f2179b6e64845a7",
            "cidr_ipv4": "0.0.0.0/0",
            "cidr_ipv6": null,
            "description": null,
            "from_port": null,
            "id": "sgr-01f2179b6e64845a7",
            "ip_protocol": "-1",
            "prefix_list_id": null,
            "referenced_security_group_id": null,
            "security_group_id": "sg-026b3cb094746c939",
            "security_group_rule_id": "sgr-01f2179b6e64845a7",
            "tags": null,
            "tags_all": {},
            "to_port": null
          },
          "sensitive_attributes": []
        }
      ]
    },
    {
      "mode": "managed",
      "type": "aws_vpc_security_group_egress_rule",
      "name": "sgr_02284d6bf4aab35fd",
      "provider": "provider[\"registry.terraform.io/hashicorp/aws\"]",
      "instances": [
        {
          "schema_version": 0,
          "attributes": {
            "arn": "arn:aws-us-gov:ec2:us-gov-west-1:050779347855:security-group-rule/sgr-02284d6bf4aab35fd",
            "cidr_ipv4": "0.0.0.0/0",
            "cidr_ipv6": null,
            "description": null,
            "from_port": null,
            "id": "sgr-02284d6bf4aab35fd",
            "ip_protocol": "-1",
            "prefix_list_id": null,
            "referenced_security_group_id": null,
            "security_group_id": "sg-06d03510b3f32b683",
            "security_group_rule_id": "sgr-02284d6bf4aab35fd",
            "tags": null,
            "tags_all": {},
            "to_port": null
          },
          "sensitive_attributes": []
        }
      ]
    },
    {
      "mode": "managed",
      "type": "aws_vpc_security_group_egress_rule",
      "name": "sgr_0238f572b04d058bb",
      "provider": "provider[\"registry.terraform.io/hashicorp/aws\"]",
      "instances": [
        {
          "schema_version": 0,
          "attributes": {
            "arn": "arn:aws-us-gov:ec2:us-gov-west-1:050779347855:security-group-rule/sgr-0238f572b04d058bb",
            "cidr_ipv4": "0.0.0.0/0",
            "cidr_ipv6": null,
            "description": null,
            "from_port": null,
            "id": "sgr-0238f572b04d058bb",
            "ip_protocol": "-1",
            "prefix_list_id": null,
            "referenced_security_group_id": null,
            "security_group_id": "sg-08a68e02fea2591df",
            "security_group_rule_id": "sgr-0238f572b04d058bb",
            "tags": null,
            "tags_all": {},
            "to_port": null
          },
          "sensitive_attributes": []
        }
      ]
    },
    {
      "mode": "managed",
      "type": "aws_vpc_security_group_egress_rule",
      "name": "sgr_02544415dc8392be4",
      "provider": "provider[\"registry.terraform.io/hashicorp/aws\"]",
      "instances": [
        {
          "schema_version": 0,
          "attributes": {
            "arn": "arn:aws-us-gov:ec2:us-gov-west-1:050779347855:security-group-rule/sgr-02544415dc8392be4",
            "cidr_ipv4": "0.0.0.0/0",
            "cidr_ipv6": null,
            "description": null,
            "from_port": 80,
            "id": "sgr-02544415dc8392be4",
            "ip_protocol": "tcp",
            "prefix_list_id": null,
            "referenced_security_group_id": null,
            "security_group_id": "sg-006b0c4ba4ce0eed7",
            "security_group_rule_id": "sgr-02544415dc8392be4",
            "tags": null,
            "tags_all": {},
            "to_port": 80
          },
          "sensitive_attributes": []
        }
      ]
    },
    {
      "mode": "managed",
      "type": "aws_vpc_security_group_egress_rule",
      "name": "sgr_025d7ea8d84730073",
      "provider": "provider[\"registry.terraform.io/hashicorp/aws\"]",
      "instances": [
        {
          "schema_version": 0,
          "attributes": {
            "arn": "arn:aws-us-gov:ec2:us-gov-west-1:050779347855:security-group-rule/sgr-025d7ea8d84730073",
            "cidr_ipv4": "0.0.0.0/0",
            "cidr_ipv6": null,
            "description": null,
            "from_port": null,
            "id": "sgr-025d7ea8d84730073",
            "ip_protocol": "-1",
            "prefix_list_id": null,
            "referenced_security_group_id": null,
            "security_group_id": "sg-03365a1e4d5ef869d",
            "security_group_rule_id": "sgr-025d7ea8d84730073",
            "tags": null,
            "tags_all": {},
            "to_port": null
          },
          "sensitive_attributes": []
        }
      ]
    },
    {
      "mode": "managed",
      "type": "aws_vpc_security_group_egress_rule",
      "name": "sgr_02a24544af46103ea",
      "provider": "provider[\"registry.terraform.io/hashicorp/aws\"]",
      "instances": [
        {
          "schema_version": 0,
          "attributes": {
            "arn": "arn:aws-us-gov:ec2:us-gov-west-1:050779347855:security-group-rule/sgr-02a24544af46103ea",
            "cidr_ipv4": "0.0.0.0/0",
            "cidr_ipv6": null,
            "description": null,
            "from_port": null,
            "id": "sgr-02a24544af46103ea",
            "ip_protocol": "-1",
            "prefix_list_id": null,
            "referenced_security_group_id": null,
            "security_group_id": "sg-0cea0f3c33135fbaa",
            "security_group_rule_id": "sgr-02a24544af46103ea",
            "tags": null,
            "tags_all": {},
            "to_port": null
          },
          "sensitive_attributes": []
        }
      ]
    },
    {
      "mode": "managed",
      "type": "aws_vpc_security_group_egress_rule",
      "name": "sgr_02a69519770b076b2",
      "provider": "provider[\"registry.terraform.io/hashicorp/aws\"]",
      "instances": [
        {
          "schema_version": 0,
          "attributes": {
            "arn": "arn:aws-us-gov:ec2:us-gov-west-1:050779347855:security-group-rule/sgr-02a69519770b076b2",
            "cidr_ipv4": "0.0.0.0/0",
            "cidr_ipv6": null,
            "description": null,
            "from_port": null,
            "id": "sgr-02a69519770b076b2",
            "ip_protocol": "-1",
            "prefix_list_id": null,
            "referenced_security_group_id": null,
            "security_group_id": "sg-0296b2368533e84a8",
            "security_group_rule_id": "sgr-02a69519770b076b2",
            "tags": null,
            "tags_all": {},
            "to_port": null
          },
          "sensitive_attributes": []
        }
      ]
    },
    {
      "mode": "managed",
      "type": "aws_vpc_security_group_egress_rule",
      "name": "sgr_02acbac88be7fa3e4",
      "provider": "provider[\"registry.terraform.io/hashicorp/aws\"]",
      "instances": [
        {
          "schema_version": 0,
          "attributes": {
            "arn": "arn:aws-us-gov:ec2:us-gov-west-1:050779347855:security-group-rule/sgr-02acbac88be7fa3e4",
            "cidr_ipv4": "0.0.0.0/0",
            "cidr_ipv6": null,
            "description": null,
            "from_port": null,
            "id": "sgr-02acbac88be7fa3e4",
            "ip_protocol": "-1",
            "prefix_list_id": null,
            "referenced_security_group_id": null,
            "security_group_id": "sg-0615d31b0d6d092d3",
            "security_group_rule_id": "sgr-02acbac88be7fa3e4",
            "tags": null,
            "tags_all": {},
            "to_port": null
          },
          "sensitive_attributes": []
        }
      ]
    },
    {
      "mode": "managed",
      "type": "aws_vpc_security_group_egress_rule",
      "name": "sgr_02bcb3ff8edaf4e40",
      "provider": "provider[\"registry.terraform.io/hashicorp/aws\"]",
      "instances": [
        {
          "schema_version": 0,
          "attributes": {
            "arn": "arn:aws-us-gov:ec2:us-gov-west-1:050779347855:security-group-rule/sgr-02bcb3ff8edaf4e40",
            "cidr_ipv4": "0.0.0.0/0",
            "cidr_ipv6": null,
            "description": null,
            "from_port": null,
            "id": "sgr-02bcb3ff8edaf4e40",
            "ip_protocol": "-1",
            "prefix_list_id": null,
            "referenced_security_group_id": null,
            "security_group_id": "sg-0c57e293d12c4ba08",
            "security_group_rule_id": "sgr-02bcb3ff8edaf4e40",
            "tags": null,
            "tags_all": {},
            "to_port": null
          },
          "sensitive_attributes": []
        }
      ]
    },
    {
      "mode": "managed",
      "type": "aws_vpc_security_group_egress_rule",
      "name": "sgr_02cd69a761c172298",
      "provider": "provider[\"registry.terraform.io/hashicorp/aws\"]",
      "instances": [
        {
          "schema_version": 0,
          "attributes": {
            "arn": "arn:aws-us-gov:ec2:us-gov-west-1:050779347855:security-group-rule/sgr-02cd69a761c172298",
            "cidr_ipv4": "0.0.0.0/0",
            "cidr_ipv6": null,
            "description": null,
            "from_port": null,
            "id": "sgr-02cd69a761c172298",
            "ip_protocol": "-1",
            "prefix_list_id": null,
            "referenced_security_group_id": null,
            "security_group_id": "sg-09655a5d35c96b651",
            "security_group_rule_id": "sgr-02cd69a761c172298",
            "tags": null,
            "tags_all": {},
            "to_port": null
          },
          "sensitive_attributes": []
        }
      ]
    },
    {
      "mode": "managed",
      "type": "aws_vpc_security_group_egress_rule",
      "name": "sgr_02d52adb904ddf8ba",
      "provider": "provider[\"registry.terraform.io/hashicorp/aws\"]",
      "instances": [
        {
          "schema_version": 0,
          "attributes": {
            "arn": "arn:aws-us-gov:ec2:us-gov-west-1:050779347855:security-group-rule/sgr-02d52adb904ddf8ba",
            "cidr_ipv4": "0.0.0.0/0",
            "cidr_ipv6": null,
            "description": null,
            "from_port": null,
            "id": "sgr-02d52adb904ddf8ba",
            "ip_protocol": "-1",
            "prefix_list_id": null,
            "referenced_security_group_id": null,
            "security_group_id": "sg-03769d92c81a37e14",
            "security_group_rule_id": "sgr-02d52adb904ddf8ba",
            "tags": null,
            "tags_all": {},
            "to_port": null
          },
          "sensitive_attributes": []
        }
      ]
    },
    {
      "mode": "managed",
      "type": "aws_vpc_security_group_egress_rule",
      "name": "sgr_0302aeda750cf2745",
      "provider": "provider[\"registry.terraform.io/hashicorp/aws\"]",
      "instances": [
        {
          "schema_version": 0,
          "attributes": {
            "arn": "arn:aws-us-gov:ec2:us-gov-west-1:050779347855:security-group-rule/sgr-0302aeda750cf2745",
            "cidr_ipv4": "0.0.0.0/0",
            "cidr_ipv6": null,
            "description": null,
            "from_port": null,
            "id": "sgr-0302aeda750cf2745",
            "ip_protocol": "-1",
            "prefix_list_id": null,
            "referenced_security_group_id": null,
            "security_group_id": "sg-01d6cae62e5454846",
            "security_group_rule_id": "sgr-0302aeda750cf2745",
            "tags": null,
            "tags_all": {},
            "to_port": null
          },
          "sensitive_attributes": []
        }
      ]
    },
    {
      "mode": "managed",
      "type": "aws_vpc_security_group_egress_rule",
      "name": "sgr_036c871c20caa0573",
      "provider": "provider[\"registry.terraform.io/hashicorp/aws\"]",
      "instances": [
        {
          "schema_version": 0,
          "attributes": {
            "arn": "arn:aws-us-gov:ec2:us-gov-west-1:050779347855:security-group-rule/sgr-036c871c20caa0573",
            "cidr_ipv4": "0.0.0.0/0",
            "cidr_ipv6": null,
            "description": null,
            "from_port": null,
            "id": "sgr-036c871c20caa0573",
            "ip_protocol": "-1",
            "prefix_list_id": null,
            "referenced_security_group_id": null,
            "security_group_id": "sg-00d2e39f749c9f80c",
            "security_group_rule_id": "sgr-036c871c20caa0573",
            "tags": null,
            "tags_all": {},
            "to_port": null
          },
          "sensitive_attributes": []
        }
      ]
    },
    {
      "mode": "managed",
      "type": "aws_vpc_security_group_egress_rule",
      "name": "sgr_03ba7972ef148c26c",
      "provider": "provider[\"registry.terraform.io/hashicorp/aws\"]",
      "instances": [
        {
          "schema_version": 0,
          "attributes": {
            "arn": "arn:aws-us-gov:ec2:us-gov-west-1:050779347855:security-group-rule/sgr-03ba7972ef148c26c",
            "cidr_ipv4": "0.0.0.0/0",
            "cidr_ipv6": null,
            "description": null,
            "from_port": 80,
            "id": "sgr-03ba7972ef148c26c",
            "ip_protocol": "tcp",
            "prefix_list_id": null,
            "referenced_security_group_id": null,
            "security_group_id": "sg-0ab678abfaabcacf3",
            "security_group_rule_id": "sgr-03ba7972ef148c26c",
            "tags": null,
            "tags_all": {},
            "to_port": 80
          },
          "sensitive_attributes": []
        }
      ]
    },
    {
      "mode": "managed",
      "type": "aws_vpc_security_group_egress_rule",
      "name": "sgr_04317c4550dbcd126",
      "provider": "provider[\"registry.terraform.io/hashicorp/aws\"]",
      "instances": [
        {
          "schema_version": 0,
          "attributes": {
            "arn": "arn:aws-us-gov:ec2:us-gov-west-1:050779347855:security-group-rule/sgr-04317c4550dbcd126",
            "cidr_ipv4": "0.0.0.0/0",
            "cidr_ipv6": null,
            "description": null,
            "from_port": 443,
            "id": "sgr-04317c4550dbcd126",
            "ip_protocol": "tcp",
            "prefix_list_id": null,
            "referenced_security_group_id": null,
            "security_group_id": "sg-0e3da0334f6f1024d",
            "security_group_rule_id": "sgr-04317c4550dbcd126",
            "tags": null,
            "tags_all": {},
            "to_port": 443
          },
          "sensitive_attributes": []
        }
      ]
    },
    {
      "mode": "managed",
      "type": "aws_vpc_security_group_egress_rule",
      "name": "sgr_0445ec08807fdae91",
      "provider": "provider[\"registry.terraform.io/hashicorp/aws\"]",
      "instances": [
        {
          "schema_version": 0,
          "attributes": {
            "arn": "arn:aws-us-gov:ec2:us-gov-west-1:050779347855:security-group-rule/sgr-0445ec08807fdae91",
            "cidr_ipv4": "0.0.0.0/0",
            "cidr_ipv6": null,
            "description": null,
            "from_port": 80,
            "id": "sgr-0445ec08807fdae91",
            "ip_protocol": "tcp",
            "prefix_list_id": null,
            "referenced_security_group_id": null,
            "security_group_id": "sg-0a8d1d3a2d1effe5d",
            "security_group_rule_id": "sgr-0445ec08807fdae91",
            "tags": null,
            "tags_all": {},
            "to_port": 80
          },
          "sensitive_attributes": []
        }
      ]
    },
    {
      "mode": "managed",
      "type": "aws_vpc_security_group_egress_rule",
      "name": "sgr_047a699ef0a0a65e4",
      "provider": "provider[\"registry.terraform.io/hashicorp/aws\"]",
      "instances": [
        {
          "schema_version": 0,
          "attributes": {
            "arn": "arn:aws-us-gov:ec2:us-gov-west-1:050779347855:security-group-rule/sgr-047a699ef0a0a65e4",
            "cidr_ipv4": "0.0.0.0/0",
            "cidr_ipv6": null,
            "description": null,
            "from_port": null,
            "id": "sgr-047a699ef0a0a65e4",
            "ip_protocol": "-1",
            "prefix_list_id": null,
            "referenced_security_group_id": null,
            "security_group_id": "sg-07fbaf379b52f13b0",
            "security_group_rule_id": "sgr-047a699ef0a0a65e4",
            "tags": null,
            "tags_all": {},
            "to_port": null
          },
          "sensitive_attributes": []
        }
      ]
    },
    {
      "mode": "managed",
      "type": "aws_vpc_security_group_egress_rule",
      "name": "sgr_048b89db062be0b99",
      "provider": "provider[\"registry.terraform.io/hashicorp/aws\"]",
      "instances": [
        {
          "schema_version": 0,
          "attributes": {
            "arn": "arn:aws-us-gov:ec2:us-gov-west-1:050779347855:security-group-rule/sgr-048b89db062be0b99",
            "cidr_ipv4": "0.0.0.0/0",
            "cidr_ipv6": null,
            "description": null,
            "from_port": 443,
            "id": "sgr-048b89db062be0b99",
            "ip_protocol": "tcp",
            "prefix_list_id": null,
            "referenced_security_group_id": null,
            "security_group_id": "sg-0e3e058433a4793a7",
            "security_group_rule_id": "sgr-048b89db062be0b99",
            "tags": null,
            "tags_all": {},
            "to_port": 443
          },
          "sensitive_attributes": []
        }
      ]
    },
    {
      "mode": "managed",
      "type": "aws_vpc_security_group_egress_rule",
      "name": "sgr_04b4dab305abe13b7",
      "provider": "provider[\"registry.terraform.io/hashicorp/aws\"]",
      "instances": [
        {
          "schema_version": 0,
          "attributes": {
            "arn": "arn:aws-us-gov:ec2:us-gov-west-1:050779347855:security-group-rule/sgr-04b4dab305abe13b7",
            "cidr_ipv4": "0.0.0.0/0",
            "cidr_ipv6": null,
            "description": null,
            "from_port": 80,
            "id": "sgr-04b4dab305abe13b7",
            "ip_protocol": "tcp",
            "prefix_list_id": null,
            "referenced_security_group_id": null,
            "security_group_id": "sg-05b689cdd90002026",
            "security_group_rule_id": "sgr-04b4dab305abe13b7",
            "tags": null,
            "tags_all": {},
            "to_port": 80
          },
          "sensitive_attributes": []
        }
      ]
    },
    {
      "mode": "managed",
      "type": "aws_vpc_security_group_egress_rule",
      "name": "sgr_04bd2d72d3a7f38b5",
      "provider": "provider[\"registry.terraform.io/hashicorp/aws\"]",
      "instances": [
        {
          "schema_version": 0,
          "attributes": {
            "arn": "arn:aws-us-gov:ec2:us-gov-west-1:050779347855:security-group-rule/sgr-04bd2d72d3a7f38b5",
            "cidr_ipv4": "0.0.0.0/0",
            "cidr_ipv6": null,
            "description": null,
            "from_port": 443,
            "id": "sgr-04bd2d72d3a7f38b5",
            "ip_protocol": "tcp",
            "prefix_list_id": null,
            "referenced_security_group_id": null,
            "security_group_id": "sg-0848e0e98be81d011",
            "security_group_rule_id": "sgr-04bd2d72d3a7f38b5",
            "tags": null,
            "tags_all": {},
            "to_port": 443
          },
          "sensitive_attributes": []
        }
      ]
    },
    {
      "mode": "managed",
      "type": "aws_vpc_security_group_egress_rule",
      "name": "sgr_04e2fd96fdbc08a80",
      "provider": "provider[\"registry.terraform.io/hashicorp/aws\"]",
      "instances": [
        {
          "schema_version": 0,
          "attributes": {
            "arn": "arn:aws-us-gov:ec2:us-gov-west-1:050779347855:security-group-rule/sgr-04e2fd96fdbc08a80",
            "cidr_ipv4": "0.0.0.0/0",
            "cidr_ipv6": null,
            "description": null,
            "from_port": 80,
            "id": "sgr-04e2fd96fdbc08a80",
            "ip_protocol": "tcp",
            "prefix_list_id": null,
            "referenced_security_group_id": null,
            "security_group_id": "sg-00e4e569f9e6920de",
            "security_group_rule_id": "sgr-04e2fd96fdbc08a80",
            "tags": null,
            "tags_all": {},
            "to_port": 80
          },
          "sensitive_attributes": []
        }
      ]
    },
    {
      "mode": "managed",
      "type": "aws_vpc_security_group_egress_rule",
      "name": "sgr_04fc4f005d983584b",
      "provider": "provider[\"registry.terraform.io/hashicorp/aws\"]",
      "instances": [
        {
          "schema_version": 0,
          "attributes": {
            "arn": "arn:aws-us-gov:ec2:us-gov-west-1:050779347855:security-group-rule/sgr-04fc4f005d983584b",
            "cidr_ipv4": "0.0.0.0/0",
            "cidr_ipv6": null,
            "description": null,
            "from_port": null,
            "id": "sgr-04fc4f005d983584b",
            "ip_protocol": "-1",
            "prefix_list_id": null,
            "referenced_security_group_id": null,
            "security_group_id": "sg-05da8fce7414d294c",
            "security_group_rule_id": "sgr-04fc4f005d983584b",
            "tags": null,
            "tags_all": {},
            "to_port": null
          },
          "sensitive_attributes": []
        }
      ]
    },
    {
      "mode": "managed",
      "type": "aws_vpc_security_group_egress_rule",
      "name": "sgr_052e10e10a8fa0dad",
      "provider": "provider[\"registry.terraform.io/hashicorp/aws\"]",
      "instances": [
        {
          "schema_version": 0,
          "attributes": {
            "arn": "arn:aws-us-gov:ec2:us-gov-west-1:050779347855:security-group-rule/sgr-052e10e10a8fa0dad",
            "cidr_ipv4": "0.0.0.0/0",
            "cidr_ipv6": null,
            "description": null,
            "from_port": null,
            "id": "sgr-052e10e10a8fa0dad",
            "ip_protocol": "-1",
            "prefix_list_id": null,
            "referenced_security_group_id": null,
            "security_group_id": "sg-096a6ba8268eef3f6",
            "security_group_rule_id": "sgr-052e10e10a8fa0dad",
            "tags": null,
            "tags_all": {},
            "to_port": null
          },
          "sensitive_attributes": []
        }
      ]
    },
    {
      "mode": "managed",
      "type": "aws_vpc_security_group_egress_rule",
      "name": "sgr_05617bf71391cb065",
      "provider": "provider[\"registry.terraform.io/hashicorp/aws\"]",
      "instances": [
        {
          "schema_version": 0,
          "attributes": {
            "arn": "arn:aws-us-gov:ec2:us-gov-west-1:050779347855:security-group-rule/sgr-05617bf71391cb065",
            "cidr_ipv4": "0.0.0.0/0",
            "cidr_ipv6": null,
            "description": null,
            "from_port": null,
            "id": "sgr-05617bf71391cb065",
            "ip_protocol": "-1",
            "prefix_list_id": null,
            "referenced_security_group_id": null,
            "security_group_id": "sg-0313ffdf68606e618",
            "security_group_rule_id": "sgr-05617bf71391cb065",
            "tags": null,
            "tags_all": {},
            "to_port": null
          },
          "sensitive_attributes": []
        }
      ]
    },
    {
      "mode": "managed",
      "type": "aws_vpc_security_group_egress_rule",
      "name": "sgr_056e010f2ff919e84",
      "provider": "provider[\"registry.terraform.io/hashicorp/aws\"]",
      "instances": [
        {
          "schema_version": 0,
          "attributes": {
            "arn": "arn:aws-us-gov:ec2:us-gov-west-1:050779347855:security-group-rule/sgr-056e010f2ff919e84",
            "cidr_ipv4": "0.0.0.0/0",
            "cidr_ipv6": null,
            "description": null,
            "from_port": 443,
            "id": "sgr-056e010f2ff919e84",
            "ip_protocol": "tcp",
            "prefix_list_id": null,
            "referenced_security_group_id": null,
            "security_group_id": "sg-05b689cdd90002026",
            "security_group_rule_id": "sgr-056e010f2ff919e84",
            "tags": null,
            "tags_all": {},
            "to_port": 443
          },
          "sensitive_attributes": []
        }
      ]
    },
    {
      "mode": "managed",
      "type": "aws_vpc_security_group_egress_rule",
      "name": "sgr_0584c953a9a7102e9",
      "provider": "provider[\"registry.terraform.io/hashicorp/aws\"]",
      "instances": [
        {
          "schema_version": 0,
          "attributes": {
            "arn": "arn:aws-us-gov:ec2:us-gov-west-1:050779347855:security-group-rule/sgr-0584c953a9a7102e9",
            "cidr_ipv4": "0.0.0.0/0",
            "cidr_ipv6": null,
            "description": null,
            "from_port": null,
            "id": "sgr-0584c953a9a7102e9",
            "ip_protocol": "-1",
            "prefix_list_id": null,
            "referenced_security_group_id": null,
            "security_group_id": "sg-05ec1afb8e4b24a12",
            "security_group_rule_id": "sgr-0584c953a9a7102e9",
            "tags": null,
            "tags_all": {},
            "to_port": null
          },
          "sensitive_attributes": []
        }
      ]
    },
    {
      "mode": "managed",
      "type": "aws_vpc_security_group_egress_rule",
      "name": "sgr_05a5dab52e7d9d5cc",
      "provider": "provider[\"registry.terraform.io/hashicorp/aws\"]",
      "instances": [
        {
          "schema_version": 0,
          "attributes": {
            "arn": "arn:aws-us-gov:ec2:us-gov-west-1:050779347855:security-group-rule/sgr-05a5dab52e7d9d5cc",
            "cidr_ipv4": "0.0.0.0/0",
            "cidr_ipv6": null,
            "description": null,
            "from_port": null,
            "id": "sgr-05a5dab52e7d9d5cc",
            "ip_protocol": "-1",
            "prefix_list_id": null,
            "referenced_security_group_id": null,
            "security_group_id": "sg-0abf393744a38edb1",
            "security_group_rule_id": "sgr-05a5dab52e7d9d5cc",
            "tags": null,
            "tags_all": {},
            "to_port": null
          },
          "sensitive_attributes": []
        }
      ]
    },
    {
      "mode": "managed",
      "type": "aws_vpc_security_group_egress_rule",
      "name": "sgr_05ced2598080e8119",
      "provider": "provider[\"registry.terraform.io/hashicorp/aws\"]",
      "instances": [
        {
          "schema_version": 0,
          "attributes": {
            "arn": "arn:aws-us-gov:ec2:us-gov-west-1:050779347855:security-group-rule/sgr-05ced2598080e8119",
            "cidr_ipv4": "0.0.0.0/0",
            "cidr_ipv6": null,
            "description": null,
            "from_port": 443,
            "id": "sgr-05ced2598080e8119",
            "ip_protocol": "tcp",
            "prefix_list_id": null,
            "referenced_security_group_id": null,
            "security_group_id": "sg-02b8e9f6f4fa195b6",
            "security_group_rule_id": "sgr-05ced2598080e8119",
            "tags": null,
            "tags_all": {},
            "to_port": 443
          },
          "sensitive_attributes": []
        }
      ]
    },
    {
      "mode": "managed",
      "type": "aws_vpc_security_group_egress_rule",
      "name": "sgr_0636b480522204e67",
      "provider": "provider[\"registry.terraform.io/hashicorp/aws\"]",
      "instances": [
        {
          "schema_version": 0,
          "attributes": {
            "arn": "arn:aws-us-gov:ec2:us-gov-west-1:050779347855:security-group-rule/sgr-0636b480522204e67",
            "cidr_ipv4": "0.0.0.0/0",
            "cidr_ipv6": null,
            "description": null,
            "from_port": 443,
            "id": "sgr-0636b480522204e67",
            "ip_protocol": "tcp",
            "prefix_list_id": null,
            "referenced_security_group_id": null,
            "security_group_id": "sg-0a8d1d3a2d1effe5d",
            "security_group_rule_id": "sgr-0636b480522204e67",
            "tags": null,
            "tags_all": {},
            "to_port": 443
          },
          "sensitive_attributes": []
        }
      ]
    },
    {
      "mode": "managed",
      "type": "aws_vpc_security_group_egress_rule",
      "name": "sgr_064b233a6746f4994",
      "provider": "provider[\"registry.terraform.io/hashicorp/aws\"]",
      "instances": [
        {
          "schema_version": 0,
          "attributes": {
            "arn": "arn:aws-us-gov:ec2:us-gov-west-1:050779347855:security-group-rule/sgr-064b233a6746f4994",
            "cidr_ipv4": "0.0.0.0/0",
            "cidr_ipv6": null,
            "description": null,
            "from_port": null,
            "id": "sgr-064b233a6746f4994",
            "ip_protocol": "-1",
            "prefix_list_id": null,
            "referenced_security_group_id": null,
            "security_group_id": "sg-0cb65ab88426db217",
            "security_group_rule_id": "sgr-064b233a6746f4994",
            "tags": null,
            "tags_all": {},
            "to_port": null
          },
          "sensitive_attributes": []
        }
      ]
    },
    {
      "mode": "managed",
      "type": "aws_vpc_security_group_egress_rule",
      "name": "sgr_0688e4a4bfeba631f",
      "provider": "provider[\"registry.terraform.io/hashicorp/aws\"]",
      "instances": [
        {
          "schema_version": 0,
          "attributes": {
            "arn": "arn:aws-us-gov:ec2:us-gov-west-1:050779347855:security-group-rule/sgr-0688e4a4bfeba631f",
            "cidr_ipv4": "0.0.0.0/0",
            "cidr_ipv6": null,
            "description": null,
            "from_port": 80,
            "id": "sgr-0688e4a4bfeba631f",
            "ip_protocol": "tcp",
            "prefix_list_id": null,
            "referenced_security_group_id": null,
            "security_group_id": "sg-0e3e058433a4793a7",
            "security_group_rule_id": "sgr-0688e4a4bfeba631f",
            "tags": null,
            "tags_all": {},
            "to_port": 80
          },
          "sensitive_attributes": []
        }
      ]
    },
    {
      "mode": "managed",
      "type": "aws_vpc_security_group_egress_rule",
      "name": "sgr_06a1cbeb7d5942bc0",
      "provider": "provider[\"registry.terraform.io/hashicorp/aws\"]",
      "instances": [
        {
          "schema_version": 0,
          "attributes": {
            "arn": "arn:aws-us-gov:ec2:us-gov-west-1:050779347855:security-group-rule/sgr-06a1cbeb7d5942bc0",
            "cidr_ipv4": "0.0.0.0/0",
            "cidr_ipv6": null,
            "description": null,
            "from_port": 443,
            "id": "sgr-06a1cbeb7d5942bc0",
            "ip_protocol": "tcp",
            "prefix_list_id": null,
            "referenced_security_group_id": null,
            "security_group_id": "sg-0ce67711c9eb8e894",
            "security_group_rule_id": "sgr-06a1cbeb7d5942bc0",
            "tags": null,
            "tags_all": {},
            "to_port": 443
          },
          "sensitive_attributes": []
        }
      ]
    },
    {
      "mode": "managed",
      "type": "aws_vpc_security_group_egress_rule",
      "name": "sgr_06c247a8d01eccf4e",
      "provider": "provider[\"registry.terraform.io/hashicorp/aws\"]",
      "instances": [
        {
          "schema_version": 0,
          "attributes": {
            "arn": "arn:aws-us-gov:ec2:us-gov-west-1:050779347855:security-group-rule/sgr-06c247a8d01eccf4e",
            "cidr_ipv4": "0.0.0.0/0",
            "cidr_ipv6": null,
            "description": null,
            "from_port": null,
            "id": "sgr-06c247a8d01eccf4e",
            "ip_protocol": "-1",
            "prefix_list_id": null,
            "referenced_security_group_id": null,
            "security_group_id": "sg-085eb8e3a0fba2f92",
            "security_group_rule_id": "sgr-06c247a8d01eccf4e",
            "tags": null,
            "tags_all": {},
            "to_port": null
          },
          "sensitive_attributes": []
        }
      ]
    },
    {
      "mode": "managed",
      "type": "aws_vpc_security_group_egress_rule",
      "name": "sgr_06f59a50eb3fe46fb",
      "provider": "provider[\"registry.terraform.io/hashicorp/aws\"]",
      "instances": [
        {
          "schema_version": 0,
          "attributes": {
            "arn": "arn:aws-us-gov:ec2:us-gov-west-1:050779347855:security-group-rule/sgr-06f59a50eb3fe46fb",
            "cidr_ipv4": "0.0.0.0/0",
            "cidr_ipv6": null,
            "description": null,
            "from_port": 443,
            "id": "sgr-06f59a50eb3fe46fb",
            "ip_protocol": "tcp",
            "prefix_list_id": null,
            "referenced_security_group_id": null,
            "security_group_id": "sg-006b0c4ba4ce0eed7",
            "security_group_rule_id": "sgr-06f59a50eb3fe46fb",
            "tags": null,
            "tags_all": {},
            "to_port": 443
          },
          "sensitive_attributes": []
        }
      ]
    },
    {
      "mode": "managed",
      "type": "aws_vpc_security_group_egress_rule",
      "name": "sgr_07ab40f9930d7d9f5",
      "provider": "provider[\"registry.terraform.io/hashicorp/aws\"]",
      "instances": [
        {
          "schema_version": 0,
          "attributes": {
            "arn": "arn:aws-us-gov:ec2:us-gov-west-1:050779347855:security-group-rule/sgr-07ab40f9930d7d9f5",
            "cidr_ipv4": "0.0.0.0/0",
            "cidr_ipv6": null,
            "description": null,
            "from_port": null,
            "id": "sgr-07ab40f9930d7d9f5",
            "ip_protocol": "-1",
            "prefix_list_id": null,
            "referenced_security_group_id": null,
            "security_group_id": "sg-0a3723815add710c0",
            "security_group_rule_id": "sgr-07ab40f9930d7d9f5",
            "tags": null,
            "tags_all": {},
            "to_port": null
          },
          "sensitive_attributes": []
        }
      ]
    },
    {
      "mode": "managed",
      "type": "aws_vpc_security_group_egress_rule",
      "name": "sgr_07bd2f69468fa944a",
      "provider": "provider[\"registry.terraform.io/hashicorp/aws\"]",
      "instances": [
        {
          "schema_version": 0,
          "attributes": {
            "arn": "arn:aws-us-gov:ec2:us-gov-west-1:050779347855:security-group-rule/sgr-07bd2f69468fa944a",
            "cidr_ipv4": "0.0.0.0/0",
            "cidr_ipv6": null,
            "description": null,
            "from_port": 80,
            "id": "sgr-07bd2f69468fa944a",
            "ip_protocol": "tcp",
            "prefix_list_id": null,
            "referenced_security_group_id": null,
            "security_group_id": "sg-0b827258e3f0559d8",
            "security_group_rule_id": "sgr-07bd2f69468fa944a",
            "tags": null,
            "tags_all": {},
            "to_port": 80
          },
          "sensitive_attributes": []
        }
      ]
    },
    {
      "mode": "managed",
      "type": "aws_vpc_security_group_egress_rule",
      "name": "sgr_07f9985d3d6b1a0bb",
      "provider": "provider[\"registry.terraform.io/hashicorp/aws\"]",
      "instances": [
        {
          "schema_version": 0,
          "attributes": {
            "arn": "arn:aws-us-gov:ec2:us-gov-west-1:050779347855:security-group-rule/sgr-07f9985d3d6b1a0bb",
            "cidr_ipv4": "0.0.0.0/0",
            "cidr_ipv6": null,
            "description": null,
            "from_port": null,
            "id": "sgr-07f9985d3d6b1a0bb",
            "ip_protocol": "-1",
            "prefix_list_id": null,
            "referenced_security_group_id": null,
            "security_group_id": "sg-0d25cb1fc58d097e9",
            "security_group_rule_id": "sgr-07f9985d3d6b1a0bb",
            "tags": null,
            "tags_all": {},
            "to_port": null
          },
          "sensitive_attributes": []
        }
      ]
    },
    {
      "mode": "managed",
      "type": "aws_vpc_security_group_egress_rule",
      "name": "sgr_0819360df74cd6037",
      "provider": "provider[\"registry.terraform.io/hashicorp/aws\"]",
      "instances": [
        {
          "schema_version": 0,
          "attributes": {
            "arn": "arn:aws-us-gov:ec2:us-gov-west-1:050779347855:security-group-rule/sgr-0819360df74cd6037",
            "cidr_ipv4": "0.0.0.0/0",
            "cidr_ipv6": null,
            "description": null,
            "from_port": 80,
            "id": "sgr-0819360df74cd6037",
            "ip_protocol": "tcp",
            "prefix_list_id": null,
            "referenced_security_group_id": null,
            "security_group_id": "sg-0ce67711c9eb8e894",
            "security_group_rule_id": "sgr-0819360df74cd6037",
            "tags": null,
            "tags_all": {},
            "to_port": 80
          },
          "sensitive_attributes": []
        }
      ]
    },
    {
      "mode": "managed",
      "type": "aws_vpc_security_group_egress_rule",
      "name": "sgr_085d15e637659aade",
      "provider": "provider[\"registry.terraform.io/hashicorp/aws\"]",
      "instances": [
        {
          "schema_version": 0,
          "attributes": {
            "arn": "arn:aws-us-gov:ec2:us-gov-west-1:050779347855:security-group-rule/sgr-085d15e637659aade",
            "cidr_ipv4": "0.0.0.0/0",
            "cidr_ipv6": null,
            "description": null,
            "from_port": 443,
            "id": "sgr-085d15e637659aade",
            "ip_protocol": "tcp",
            "prefix_list_id": null,
            "referenced_security_group_id": null,
            "security_group_id": "sg-0ab678abfaabcacf3",
            "security_group_rule_id": "sgr-085d15e637659aade",
            "tags": null,
            "tags_all": {},
            "to_port": 443
          },
          "sensitive_attributes": []
        }
      ]
    },
    {
      "mode": "managed",
      "type": "aws_vpc_security_group_egress_rule",
      "name": "sgr_0913d999589beb7ad",
      "provider": "provider[\"registry.terraform.io/hashicorp/aws\"]",
      "instances": [
        {
          "schema_version": 0,
          "attributes": {
            "arn": "arn:aws-us-gov:ec2:us-gov-west-1:050779347855:security-group-rule/sgr-0913d999589beb7ad",
            "cidr_ipv4": "0.0.0.0/0",
            "cidr_ipv6": null,
            "description": null,
            "from_port": null,
            "id": "sgr-0913d999589beb7ad",
            "ip_protocol": "-1",
            "prefix_list_id": null,
            "referenced_security_group_id": null,
            "security_group_id": "sg-081ba48ae3370758b",
            "security_group_rule_id": "sgr-0913d999589beb7ad",
            "tags": null,
            "tags_all": {},
            "to_port": null
          },
          "sensitive_attributes": []
        }
      ]
    },
    {
      "mode": "managed",
      "type": "aws_vpc_security_group_egress_rule",
      "name": "sgr_09d4f7be5f2a5bda6",
      "provider": "provider[\"registry.terraform.io/hashicorp/aws\"]",
      "instances": [
        {
          "schema_version": 0,
          "attributes": {
            "arn": "arn:aws-us-gov:ec2:us-gov-west-1:050779347855:security-group-rule/sgr-09d4f7be5f2a5bda6",
            "cidr_ipv4": "0.0.0.0/0",
            "cidr_ipv6": null,
            "description": null,
            "from_port": 443,
            "id": "sgr-09d4f7be5f2a5bda6",
            "ip_protocol": "tcp",
            "prefix_list_id": null,
            "referenced_security_group_id": null,
            "security_group_id": "sg-0e07dcad269bc9148",
            "security_group_rule_id": "sgr-09d4f7be5f2a5bda6",
            "tags": null,
            "tags_all": {},
            "to_port": 443
          },
          "sensitive_attributes": []
        }
      ]
    },
    {
      "mode": "managed",
      "type": "aws_vpc_security_group_egress_rule",
      "name": "sgr_0a30c3226e0682bba",
      "provider": "provider[\"registry.terraform.io/hashicorp/aws\"]",
      "instances": [
        {
          "schema_version": 0,
          "attributes": {
            "arn": "arn:aws-us-gov:ec2:us-gov-west-1:050779347855:security-group-rule/sgr-0a30c3226e0682bba",
            "cidr_ipv4": "0.0.0.0/0",
            "cidr_ipv6": null,
            "description": null,
            "from_port": 80,
            "id": "sgr-0a30c3226e0682bba",
            "ip_protocol": "tcp",
            "prefix_list_id": null,
            "referenced_security_group_id": null,
            "security_group_id": "sg-01c091d8d9e740817",
            "security_group_rule_id": "sgr-0a30c3226e0682bba",
            "tags": null,
            "tags_all": {},
            "to_port": 80
          },
          "sensitive_attributes": []
        }
      ]
    },
    {
      "mode": "managed",
      "type": "aws_vpc_security_group_egress_rule",
      "name": "sgr_0ae3503a96351d754",
      "provider": "provider[\"registry.terraform.io/hashicorp/aws\"]",
      "instances": [
        {
          "schema_version": 0,
          "attributes": {
            "arn": "arn:aws-us-gov:ec2:us-gov-west-1:050779347855:security-group-rule/sgr-0ae3503a96351d754",
            "cidr_ipv4": "0.0.0.0/0",
            "cidr_ipv6": null,
            "description": null,
            "from_port": 80,
            "id": "sgr-0ae3503a96351d754",
            "ip_protocol": "tcp",
            "prefix_list_id": null,
            "referenced_security_group_id": null,
            "security_group_id": "sg-02b8e9f6f4fa195b6",
            "security_group_rule_id": "sgr-0ae3503a96351d754",
            "tags": null,
            "tags_all": {},
            "to_port": 80
          },
          "sensitive_attributes": []
        }
      ]
    },
    {
      "mode": "managed",
      "type": "aws_vpc_security_group_egress_rule",
      "name": "sgr_0b80842ee297621a2",
      "provider": "provider[\"registry.terraform.io/hashicorp/aws\"]",
      "instances": [
        {
          "schema_version": 0,
          "attributes": {
            "arn": "arn:aws-us-gov:ec2:us-gov-west-1:050779347855:security-group-rule/sgr-0b80842ee297621a2",
            "cidr_ipv4": "0.0.0.0/0",
            "cidr_ipv6": null,
            "description": null,
            "from_port": null,
            "id": "sgr-0b80842ee297621a2",
            "ip_protocol": "-1",
            "prefix_list_id": null,
            "referenced_security_group_id": null,
            "security_group_id": "sg-0c1125388a56a7f34",
            "security_group_rule_id": "sgr-0b80842ee297621a2",
            "tags": null,
            "tags_all": {},
            "to_port": null
          },
          "sensitive_attributes": []
        }
      ]
    },
    {
      "mode": "managed",
      "type": "aws_vpc_security_group_egress_rule",
      "name": "sgr_0ba160134e34174e2",
      "provider": "provider[\"registry.terraform.io/hashicorp/aws\"]",
      "instances": [
        {
          "schema_version": 0,
          "attributes": {
            "arn": "arn:aws-us-gov:ec2:us-gov-west-1:050779347855:security-group-rule/sgr-0ba160134e34174e2",
            "cidr_ipv4": "0.0.0.0/0",
            "cidr_ipv6": null,
            "description": null,
            "from_port": null,
            "id": "sgr-0ba160134e34174e2",
            "ip_protocol": "-1",
            "prefix_list_id": null,
            "referenced_security_group_id": null,
            "security_group_id": "sg-0cc77f2002d2d75ac",
            "security_group_rule_id": "sgr-0ba160134e34174e2",
            "tags": null,
            "tags_all": {},
            "to_port": null
          },
          "sensitive_attributes": []
        }
      ]
    },
    {
      "mode": "managed",
      "type": "aws_vpc_security_group_egress_rule",
      "name": "sgr_0bc6bf34c1ae7aa65",
      "provider": "provider[\"registry.terraform.io/hashicorp/aws\"]",
      "instances": [
        {
          "schema_version": 0,
          "attributes": {
            "arn": "arn:aws-us-gov:ec2:us-gov-west-1:050779347855:security-group-rule/sgr-0bc6bf34c1ae7aa65",
            "cidr_ipv4": "0.0.0.0/0",
            "cidr_ipv6": null,
            "description": null,
            "from_port": 80,
            "id": "sgr-0bc6bf34c1ae7aa65",
            "ip_protocol": "tcp",
            "prefix_list_id": null,
            "referenced_security_group_id": null,
            "security_group_id": "sg-057a681c0afce6d70",
            "security_group_rule_id": "sgr-0bc6bf34c1ae7aa65",
            "tags": null,
            "tags_all": {},
            "to_port": 80
          },
          "sensitive_attributes": []
        }
      ]
    },
    {
      "mode": "managed",
      "type": "aws_vpc_security_group_egress_rule",
      "name": "sgr_0c3ae4d4614b56d99",
      "provider": "provider[\"registry.terraform.io/hashicorp/aws\"]",
      "instances": [
        {
          "schema_version": 0,
          "attributes": {
            "arn": "arn:aws-us-gov:ec2:us-gov-west-1:050779347855:security-group-rule/sgr-0c3ae4d4614b56d99",
            "cidr_ipv4": "0.0.0.0/0",
            "cidr_ipv6": null,
            "description": null,
            "from_port": null,
            "id": "sgr-0c3ae4d4614b56d99",
            "ip_protocol": "-1",
            "prefix_list_id": null,
            "referenced_security_group_id": null,
            "security_group_id": "sg-034a6ff43d0aa2770",
            "security_group_rule_id": "sgr-0c3ae4d4614b56d99",
            "tags": null,
            "tags_all": {},
            "to_port": null
          },
          "sensitive_attributes": []
        }
      ]
    },
    {
      "mode": "managed",
      "type": "aws_vpc_security_group_egress_rule",
      "name": "sgr_0cf22048adacbab61",
      "provider": "provider[\"registry.terraform.io/hashicorp/aws\"]",
      "instances": [
        {
          "schema_version": 0,
          "attributes": {
            "arn": "arn:aws-us-gov:ec2:us-gov-west-1:050779347855:security-group-rule/sgr-0cf22048adacbab61",
            "cidr_ipv4": "0.0.0.0/0",
            "cidr_ipv6": null,
            "description": null,
            "from_port": 80,
            "id": "sgr-0cf22048adacbab61",
            "ip_protocol": "tcp",
            "prefix_list_id": null,
            "referenced_security_group_id": null,
            "security_group_id": "sg-0e3da0334f6f1024d",
            "security_group_rule_id": "sgr-0cf22048adacbab61",
            "tags": null,
            "tags_all": {},
            "to_port": 80
          },
          "sensitive_attributes": []
        }
      ]
    },
    {
      "mode": "managed",
      "type": "aws_vpc_security_group_egress_rule",
      "name": "sgr_0d28474801e11128c",
      "provider": "provider[\"registry.terraform.io/hashicorp/aws\"]",
      "instances": [
        {
          "schema_version": 0,
          "attributes": {
            "arn": "arn:aws-us-gov:ec2:us-gov-west-1:050779347855:security-group-rule/sgr-0d28474801e11128c",
            "cidr_ipv4": "0.0.0.0/0",
            "cidr_ipv6": null,
            "description": null,
            "from_port": 443,
            "id": "sgr-0d28474801e11128c",
            "ip_protocol": "tcp",
            "prefix_list_id": null,
            "referenced_security_group_id": null,
            "security_group_id": "sg-00e4e569f9e6920de",
            "security_group_rule_id": "sgr-0d28474801e11128c",
            "tags": null,
            "tags_all": {},
            "to_port": 443
          },
          "sensitive_attributes": []
        }
      ]
    },
    {
      "mode": "managed",
      "type": "aws_vpc_security_group_egress_rule",
      "name": "sgr_0d4b25e0c1b63349b",
      "provider": "provider[\"registry.terraform.io/hashicorp/aws\"]",
      "instances": [
        {
          "schema_version": 0,
          "attributes": {
            "arn": "arn:aws-us-gov:ec2:us-gov-west-1:050779347855:security-group-rule/sgr-0d4b25e0c1b63349b",
            "cidr_ipv4": "0.0.0.0/0",
            "cidr_ipv6": null,
            "description": null,
            "from_port": 443,
            "id": "sgr-0d4b25e0c1b63349b",
            "ip_protocol": "tcp",
            "prefix_list_id": null,
            "referenced_security_group_id": null,
            "security_group_id": "sg-057a681c0afce6d70",
            "security_group_rule_id": "sgr-0d4b25e0c1b63349b",
            "tags": null,
            "tags_all": {},
            "to_port": 443
          },
          "sensitive_attributes": []
        }
      ]
    },
    {
      "mode": "managed",
      "type": "aws_vpc_security_group_egress_rule",
      "name": "sgr_0dce4108a0749e6cf",
      "provider": "provider[\"registry.terraform.io/hashicorp/aws\"]",
      "instances": [
        {
          "schema_version": 0,
          "attributes": {
            "arn": "arn:aws-us-gov:ec2:us-gov-west-1:050779347855:security-group-rule/sgr-0dce4108a0749e6cf",
            "cidr_ipv4": "0.0.0.0/0",
            "cidr_ipv6": null,
            "description": "All Traffic",
            "from_port": 0,
            "id": "sgr-0dce4108a0749e6cf",
            "ip_protocol": "tcp",
            "prefix_list_id": null,
            "referenced_security_group_id": null,
            "security_group_id": "sg-09ec086d4a18f2267",
            "security_group_rule_id": "sgr-0dce4108a0749e6cf",
            "tags": null,
            "tags_all": {},
            "to_port": 65535
          },
          "sensitive_attributes": []
        }
      ]
    },
    {
      "mode": "managed",
      "type": "aws_vpc_security_group_egress_rule",
      "name": "sgr_0edc4fc15746b7386",
      "provider": "provider[\"registry.terraform.io/hashicorp/aws\"]",
      "instances": [
        {
          "schema_version": 0,
          "attributes": {
            "arn": "arn:aws-us-gov:ec2:us-gov-west-1:050779347855:security-group-rule/sgr-0edc4fc15746b7386",
            "cidr_ipv4": "0.0.0.0/0",
            "cidr_ipv6": null,
            "description": null,
            "from_port": 443,
            "id": "sgr-0edc4fc15746b7386",
            "ip_protocol": "tcp",
            "prefix_list_id": null,
            "referenced_security_group_id": null,
            "security_group_id": "sg-0b827258e3f0559d8",
            "security_group_rule_id": "sgr-0edc4fc15746b7386",
            "tags": null,
            "tags_all": {},
            "to_port": 443
          },
          "sensitive_attributes": []
        }
      ]
    },
    {
      "mode": "managed",
      "type": "aws_vpc_security_group_egress_rule",
      "name": "sgr_0f29c42bacf56fa8f",
      "provider": "provider[\"registry.terraform.io/hashicorp/aws\"]",
      "instances": [
        {
          "schema_version": 0,
          "attributes": {
            "arn": "arn:aws-us-gov:ec2:us-gov-west-1:050779347855:security-group-rule/sgr-0f29c42bacf56fa8f",
            "cidr_ipv4": "0.0.0.0/0",
            "cidr_ipv6": null,
            "description": null,
            "from_port": null,
            "id": "sgr-0f29c42bacf56fa8f",
            "ip_protocol": "-1",
            "prefix_list_id": null,
            "referenced_security_group_id": null,
            "security_group_id": "sg-0961642367dac1a13",
            "security_group_rule_id": "sgr-0f29c42bacf56fa8f",
            "tags": null,
            "tags_all": {},
            "to_port": null
          },
          "sensitive_attributes": []
        }
      ]
    },
    {
      "mode": "managed",
      "type": "aws_vpc_security_group_egress_rule",
      "name": "sgr_0f2c400076650f3a9",
      "provider": "provider[\"registry.terraform.io/hashicorp/aws\"]",
      "instances": [
        {
          "schema_version": 0,
          "attributes": {
            "arn": "arn:aws-us-gov:ec2:us-gov-west-1:050779347855:security-group-rule/sgr-0f2c400076650f3a9",
            "cidr_ipv4": "0.0.0.0/0",
            "cidr_ipv6": null,
            "description": null,
            "from_port": 443,
            "id": "sgr-0f2c400076650f3a9",
            "ip_protocol": "tcp",
            "prefix_list_id": null,
            "referenced_security_group_id": null,
            "security_group_id": "sg-01c091d8d9e740817",
            "security_group_rule_id": "sgr-0f2c400076650f3a9",
            "tags": null,
            "tags_all": {},
            "to_port": 443
          },
          "sensitive_attributes": []
        }
      ]
    },
    {
      "mode": "managed",
      "type": "aws_vpc_security_group_egress_rule",
      "name": "sgr_0fd1341f5d1a6804d",
      "provider": "provider[\"registry.terraform.io/hashicorp/aws\"]",
      "instances": [
        {
          "schema_version": 0,
          "attributes": {
            "arn": "arn:aws-us-gov:ec2:us-gov-west-1:050779347855:security-group-rule/sgr-0fd1341f5d1a6804d",
            "cidr_ipv4": "0.0.0.0/0",
            "cidr_ipv6": null,
            "description": null,
            "from_port": 80,
            "id": "sgr-0fd1341f5d1a6804d",
            "ip_protocol": "tcp",
            "prefix_list_id": null,
            "referenced_security_group_id": null,
            "security_group_id": "sg-0848e0e98be81d011",
            "security_group_rule_id": "sgr-0fd1341f5d1a6804d",
            "tags": null,
            "tags_all": {},
            "to_port": 80
          },
          "sensitive_attributes": []
        }
      ]
    },
    {
      "mode": "managed",
      "type": "aws_vpc_security_group_egress_rule",
      "name": "sgr_0ffadf9f6b9e5982f",
      "provider": "provider[\"registry.terraform.io/hashicorp/aws\"]",
      "instances": [
        {
          "schema_version": 0,
          "attributes": {
            "arn": "arn:aws-us-gov:ec2:us-gov-west-1:050779347855:security-group-rule/sgr-0ffadf9f6b9e5982f",
            "cidr_ipv4": "0.0.0.0/0",
            "cidr_ipv6": null,
            "description": null,
            "from_port": 80,
            "id": "sgr-0ffadf9f6b9e5982f",
            "ip_protocol": "tcp",
            "prefix_list_id": null,
            "referenced_security_group_id": null,
            "security_group_id": "sg-0e07dcad269bc9148",
            "security_group_rule_id": "sgr-0ffadf9f6b9e5982f",
            "tags": null,
            "tags_all": {},
            "to_port": 80
          },
          "sensitive_attributes": []
        }
      ]
    },
    {
      "mode": "managed",
      "type": "aws_vpc_security_group_ingress_rule",
      "name": "sgr_0002e712fce150b15",
      "provider": "provider[\"registry.terraform.io/hashicorp/aws\"]",
      "instances": [
        {
          "schema_version": 0,
          "attributes": {
            "arn": "arn:aws-us-gov:ec2:us-gov-west-1:050779347855:security-group-rule/sgr-0002e712fce150b15",
            "cidr_ipv4": "10.21.0.0/16",
            "cidr_ipv6": null,
            "description": "Allogy testing services; for convenience",
            "from_port": 8001,
            "id": "sgr-0002e712fce150b15",
            "ip_protocol": "tcp",
            "prefix_list_id": null,
            "referenced_security_group_id": null,
            "security_group_id": "sg-096a6ba8268eef3f6",
            "security_group_rule_id": "sgr-0002e712fce150b15",
            "tags": null,
            "tags_all": {},
            "to_port": 8003
          },
          "sensitive_attributes": []
        }
      ]
    },
    {
      "mode": "managed",
      "type": "aws_vpc_security_group_ingress_rule",
      "name": "sgr_0037845ce5e473bbc",
      "provider": "provider[\"registry.terraform.io/hashicorp/aws\"]",
      "instances": [
        {
          "schema_version": 0,
          "attributes": {
            "arn": "arn:aws-us-gov:ec2:us-gov-west-1:050779347855:security-group-rule/sgr-0037845ce5e473bbc",
            "cidr_ipv4": null,
            "cidr_ipv6": null,
            "description": null,
            "from_port": 443,
            "id": "sgr-0037845ce5e473bbc",
            "ip_protocol": "tcp",
            "prefix_list_id": null,
            "referenced_security_group_id": "sg-0ab678abfaabcacf3",
            "security_group_id": "sg-0a3723815add710c0",
            "security_group_rule_id": "sgr-0037845ce5e473bbc",
            "tags": null,
            "tags_all": {},
            "to_port": 443
          },
          "sensitive_attributes": []
        }
      ]
    },
    {
      "mode": "managed",
      "type": "aws_vpc_security_group_ingress_rule",
      "name": "sgr_005a6ddea4804d5f4",
      "provider": "provider[\"registry.terraform.io/hashicorp/aws\"]",
      "instances": [
        {
          "schema_version": 0,
          "attributes": {
            "arn": "arn:aws-us-gov:ec2:us-gov-west-1:050779347855:security-group-rule/sgr-005a6ddea4804d5f4",
            "cidr_ipv4": "10.21.0.0/16",
            "cidr_ipv6": null,
            "description": null,
            "from_port": 80,
            "id": "sgr-005a6ddea4804d5f4",
            "ip_protocol": "tcp",
            "prefix_list_id": null,
            "referenced_security_group_id": null,
            "security_group_id": "sg-03769d92c81a37e14",
            "security_group_rule_id": "sgr-005a6ddea4804d5f4",
            "tags": null,
            "tags_all": {},
            "to_port": 80
          },
          "sensitive_attributes": []
        }
      ]
    },
    {
      "mode": "managed",
      "type": "aws_vpc_security_group_ingress_rule",
      "name": "sgr_006a1f2b994c9dce2",
      "provider": "provider[\"registry.terraform.io/hashicorp/aws\"]",
      "instances": [
        {
          "schema_version": 0,
          "attributes": {
            "arn": "arn:aws-us-gov:ec2:us-gov-west-1:050779347855:security-group-rule/sgr-006a1f2b994c9dce2",
            "cidr_ipv4": "0.0.0.0/0",
            "cidr_ipv6": null,
            "description": "HTTP",
            "from_port": 80,
            "id": "sgr-006a1f2b994c9dce2",
            "ip_protocol": "tcp",
            "prefix_list_id": null,
            "referenced_security_group_id": null,
            "security_group_id": "sg-0cc77f2002d2d75ac",
            "security_group_rule_id": "sgr-006a1f2b994c9dce2",
            "tags": null,
            "tags_all": {},
            "to_port": 80
          },
          "sensitive_attributes": []
        }
      ]
    },
    {
      "mode": "managed",
      "type": "aws_vpc_security_group_ingress_rule",
      "name": "sgr_006f0132fbb2f1e78",
      "provider": "provider[\"registry.terraform.io/hashicorp/aws\"]",
      "instances": [
        {
          "schema_version": 0,
          "attributes": {
            "arn": "arn:aws-us-gov:ec2:us-gov-west-1:050779347855:security-group-rule/sgr-006f0132fbb2f1e78",
            "cidr_ipv4": "10.21.0.0/16",
            "cidr_ipv6": null,
            "description": null,
            "from_port": 80,
            "id": "sgr-006f0132fbb2f1e78",
            "ip_protocol": "tcp",
            "prefix_list_id": null,
            "referenced_security_group_id": null,
            "security_group_id": "sg-026b3cb094746c939",
            "security_group_rule_id": "sgr-006f0132fbb2f1e78",
            "tags": null,
            "tags_all": {},
            "to_port": 80
          },
          "sensitive_attributes": []
        }
      ]
    },
    {
      "mode": "managed",
      "type": "aws_vpc_security_group_ingress_rule",
      "name": "sgr_008c1c7baff2013e4",
      "provider": "provider[\"registry.terraform.io/hashicorp/aws\"]",
      "instances": [
        {
          "schema_version": 0,
          "attributes": {
            "arn": "arn:aws-us-gov:ec2:us-gov-west-1:050779347855:security-group-rule/sgr-008c1c7baff2013e4",
            "cidr_ipv4": "0.0.0.0/0",
            "cidr_ipv6": null,
            "description": null,
            "from_port": 80,
            "id": "sgr-008c1c7baff2013e4",
            "ip_protocol": "tcp",
            "prefix_list_id": null,
            "referenced_security_group_id": null,
            "security_group_id": "sg-0b827258e3f0559d8",
            "security_group_rule_id": "sgr-008c1c7baff2013e4",
            "tags": null,
            "tags_all": {},
            "to_port": 80
          },
          "sensitive_attributes": []
        }
      ]
    },
    {
      "mode": "managed",
      "type": "aws_vpc_security_group_ingress_rule",
      "name": "sgr_009589628bddcc30b",
      "provider": "provider[\"registry.terraform.io/hashicorp/aws\"]",
      "instances": [
        {
          "schema_version": 0,
          "attributes": {
            "arn": "arn:aws-us-gov:ec2:us-gov-west-1:050779347855:security-group-rule/sgr-009589628bddcc30b",
            "cidr_ipv4": null,
            "cidr_ipv6": null,
            "description": null,
            "from_port": 443,
            "id": "sgr-009589628bddcc30b",
            "ip_protocol": "tcp",
            "prefix_list_id": null,
            "referenced_security_group_id": "sg-01c091d8d9e740817",
            "security_group_id": "sg-026b3cb094746c939",
            "security_group_rule_id": "sgr-009589628bddcc30b",
            "tags": null,
            "tags_all": {},
            "to_port": 443
          },
          "sensitive_attributes": []
        }
      ]
    },
    {
      "mode": "managed",
      "type": "aws_vpc_security_group_ingress_rule",
      "name": "sgr_00bc6da26b43901fa",
      "provider": "provider[\"registry.terraform.io/hashicorp/aws\"]",
      "instances": [
        {
          "schema_version": 0,
          "attributes": {
            "arn": "arn:aws-us-gov:ec2:us-gov-west-1:050779347855:security-group-rule/sgr-00bc6da26b43901fa",
            "cidr_ipv4": "0.0.0.0/0",
            "cidr_ipv6": null,
            "description": null,
            "from_port": 443,
            "id": "sgr-00bc6da26b43901fa",
            "ip_protocol": "tcp",
            "prefix_list_id": null,
            "referenced_security_group_id": null,
            "security_group_id": "sg-05b689cdd90002026",
            "security_group_rule_id": "sgr-00bc6da26b43901fa",
            "tags": null,
            "tags_all": {},
            "to_port": 443
          },
          "sensitive_attributes": []
        }
      ]
    },
    {
      "mode": "managed",
      "type": "aws_vpc_security_group_ingress_rule",
      "name": "sgr_00efd707cac92b16e",
      "provider": "provider[\"registry.terraform.io/hashicorp/aws\"]",
      "instances": [
        {
          "schema_version": 0,
          "attributes": {
            "arn": "arn:aws-us-gov:ec2:us-gov-west-1:050779347855:security-group-rule/sgr-00efd707cac92b16e",
            "cidr_ipv4": "0.0.0.0/0",
            "cidr_ipv6": null,
            "description": null,
            "from_port": 443,
            "id": "sgr-00efd707cac92b16e",
            "ip_protocol": "tcp",
            "prefix_list_id": null,
            "referenced_security_group_id": null,
            "security_group_id": "sg-0e07dcad269bc9148",
            "security_group_rule_id": "sgr-00efd707cac92b16e",
            "tags": null,
            "tags_all": {},
            "to_port": 443
          },
          "sensitive_attributes": []
        }
      ]
    },
    {
      "mode": "managed",
      "type": "aws_vpc_security_group_ingress_rule",
      "name": "sgr_0131d739ac32a2645",
      "provider": "provider[\"registry.terraform.io/hashicorp/aws\"]",
      "instances": [
        {
          "schema_version": 0,
          "attributes": {
            "arn": "arn:aws-us-gov:ec2:us-gov-west-1:050779347855:security-group-rule/sgr-0131d739ac32a2645",
            "cidr_ipv4": "10.21.0.0/16",
            "cidr_ipv6": null,
            "description": null,
            "from_port": 80,
            "id": "sgr-0131d739ac32a2645",
            "ip_protocol": "tcp",
            "prefix_list_id": null,
            "referenced_security_group_id": null,
            "security_group_id": "sg-0d799b653c4043218",
            "security_group_rule_id": "sgr-0131d739ac32a2645",
            "tags": null,
            "tags_all": {},
            "to_port": 80
          },
          "sensitive_attributes": []
        }
      ]
    },
    {
      "mode": "managed",
      "type": "aws_vpc_security_group_ingress_rule",
      "name": "sgr_015c6ffa5abb8c573",
      "provider": "provider[\"registry.terraform.io/hashicorp/aws\"]",
      "instances": [
        {
          "schema_version": 0,
          "attributes": {
            "arn": "arn:aws-us-gov:ec2:us-gov-west-1:050779347855:security-group-rule/sgr-015c6ffa5abb8c573",
            "cidr_ipv4": "10.21.0.0/16",
            "cidr_ipv6": null,
            "description": null,
            "from_port": 80,
            "id": "sgr-015c6ffa5abb8c573",
            "ip_protocol": "tcp",
            "prefix_list_id": null,
            "referenced_security_group_id": null,
            "security_group_id": "sg-0a3723815add710c0",
            "security_group_rule_id": "sgr-015c6ffa5abb8c573",
            "tags": null,
            "tags_all": {},
            "to_port": 80
          },
          "sensitive_attributes": []
        }
      ]
    },
    {
      "mode": "managed",
      "type": "aws_vpc_security_group_ingress_rule",
      "name": "sgr_015e1218f265d92d2",
      "provider": "provider[\"registry.terraform.io/hashicorp/aws\"]",
      "instances": [
        {
          "schema_version": 0,
          "attributes": {
            "arn": "arn:aws-us-gov:ec2:us-gov-west-1:050779347855:security-group-rule/sgr-015e1218f265d92d2",
            "cidr_ipv4": "0.0.0.0/0",
            "cidr_ipv6": null,
            "description": "HTTPS",
            "from_port": 443,
            "id": "sgr-015e1218f265d92d2",
            "ip_protocol": "tcp",
            "prefix_list_id": null,
            "referenced_security_group_id": null,
            "security_group_id": "sg-03365a1e4d5ef869d",
            "security_group_rule_id": "sgr-015e1218f265d92d2",
            "tags": null,
            "tags_all": {},
            "to_port": 443
          },
          "sensitive_attributes": []
        }
      ]
    },
    {
      "mode": "managed",
      "type": "aws_vpc_security_group_ingress_rule",
      "name": "sgr_016679d3043dd7bfe",
      "provider": "provider[\"registry.terraform.io/hashicorp/aws\"]",
      "instances": [
        {
          "schema_version": 0,
          "attributes": {
            "arn": "arn:aws-us-gov:ec2:us-gov-west-1:050779347855:security-group-rule/sgr-016679d3043dd7bfe",
            "cidr_ipv4": "10.21.0.0/16",
            "cidr_ipv6": null,
            "description": null,
            "from_port": 80,
            "id": "sgr-016679d3043dd7bfe",
            "ip_protocol": "tcp",
            "prefix_list_id": null,
            "referenced_security_group_id": null,
            "security_group_id": "sg-00a3f418f039eac2a",
            "security_group_rule_id": "sgr-016679d3043dd7bfe",
            "tags": null,
            "tags_all": {},
            "to_port": 80
          },
          "sensitive_attributes": []
        }
      ]
    },
    {
      "mode": "managed",
      "type": "aws_vpc_security_group_ingress_rule",
      "name": "sgr_016d4fedafa40ea63",
      "provider": "provider[\"registry.terraform.io/hashicorp/aws\"]",
      "instances": [
        {
          "schema_version": 0,
          "attributes": {
            "arn": "arn:aws-us-gov:ec2:us-gov-west-1:050779347855:security-group-rule/sgr-016d4fedafa40ea63",
            "cidr_ipv4": "0.0.0.0/0",
            "cidr_ipv6": null,
            "description": null,
            "from_port": 443,
            "id": "sgr-016d4fedafa40ea63",
            "ip_protocol": "tcp",
            "prefix_list_id": null,
            "referenced_security_group_id": null,
            "security_group_id": "sg-00e4e569f9e6920de",
            "security_group_rule_id": "sgr-016d4fedafa40ea63",
            "tags": null,
            "tags_all": {},
            "to_port": 443
          },
          "sensitive_attributes": []
        }
      ]
    },
    {
      "mode": "managed",
      "type": "aws_vpc_security_group_ingress_rule",
      "name": "sgr_016dc94f2253e5d22",
      "provider": "provider[\"registry.terraform.io/hashicorp/aws\"]",
      "instances": [
        {
          "schema_version": 0,
          "attributes": {
            "arn": "arn:aws-us-gov:ec2:us-gov-west-1:050779347855:security-group-rule/sgr-016dc94f2253e5d22",
            "cidr_ipv4": "0.0.0.0/0",
            "cidr_ipv6": null,
            "description": null,
            "from_port": 443,
            "id": "sgr-016dc94f2253e5d22",
            "ip_protocol": "tcp",
            "prefix_list_id": null,
            "referenced_security_group_id": null,
            "security_group_id": "sg-0ab678abfaabcacf3",
            "security_group_rule_id": "sgr-016dc94f2253e5d22",
            "tags": null,
            "tags_all": {},
            "to_port": 443
          },
          "sensitive_attributes": []
        }
      ]
    },
    {
      "mode": "managed",
      "type": "aws_vpc_security_group_ingress_rule",
      "name": "sgr_01a8e6e2645e6d972",
      "provider": "provider[\"registry.terraform.io/hashicorp/aws\"]",
      "instances": [
        {
          "schema_version": 0,
          "attributes": {
            "arn": "arn:aws-us-gov:ec2:us-gov-west-1:050779347855:security-group-rule/sgr-01a8e6e2645e6d972",
            "cidr_ipv4": null,
            "cidr_ipv6": null,
            "description": null,
            "from_port": 443,
            "id": "sgr-01a8e6e2645e6d972",
            "ip_protocol": "tcp",
            "prefix_list_id": null,
            "referenced_security_group_id": "sg-0b827258e3f0559d8",
            "security_group_id": "sg-0c57e293d12c4ba08",
            "security_group_rule_id": "sgr-01a8e6e2645e6d972",
            "tags": null,
            "tags_all": {},
            "to_port": 443
          },
          "sensitive_attributes": []
        }
      ]
    },
    {
      "mode": "managed",
      "type": "aws_vpc_security_group_ingress_rule",
      "name": "sgr_01ddc7bcb9fe76589",
      "provider": "provider[\"registry.terraform.io/hashicorp/aws\"]",
      "instances": [
        {
          "schema_version": 0,
          "attributes": {
            "arn": "arn:aws-us-gov:ec2:us-gov-west-1:050779347855:security-group-rule/sgr-01ddc7bcb9fe76589",
            "cidr_ipv4": null,
            "cidr_ipv6": null,
            "description": null,
            "from_port": 443,
            "id": "sgr-01ddc7bcb9fe76589",
            "ip_protocol": "tcp",
            "prefix_list_id": null,
            "referenced_security_group_id": "sg-02b8e9f6f4fa195b6",
            "security_group_id": "sg-0f5539d3e349bae63",
            "security_group_rule_id": "sgr-01ddc7bcb9fe76589",
            "tags": null,
            "tags_all": {},
            "to_port": 443
          },
          "sensitive_attributes": []
        }
      ]
    },
    {
      "mode": "managed",
      "type": "aws_vpc_security_group_ingress_rule",
      "name": "sgr_01e7fc42271499339",
      "provider": "provider[\"registry.terraform.io/hashicorp/aws\"]",
      "instances": [
        {
          "schema_version": 0,
          "attributes": {
            "arn": "arn:aws-us-gov:ec2:us-gov-west-1:050779347855:security-group-rule/sgr-01e7fc42271499339",
            "cidr_ipv4": "0.0.0.0/0",
            "cidr_ipv6": null,
            "description": null,
            "from_port": 80,
            "id": "sgr-01e7fc42271499339",
            "ip_protocol": "tcp",
            "prefix_list_id": null,
            "referenced_security_group_id": null,
            "security_group_id": "sg-057a681c0afce6d70",
            "security_group_rule_id": "sgr-01e7fc42271499339",
            "tags": null,
            "tags_all": {},
            "to_port": 80
          },
          "sensitive_attributes": []
        }
      ]
    },
    {
      "mode": "managed",
      "type": "aws_vpc_security_group_ingress_rule",
      "name": "sgr_01f01e604998787f1",
      "provider": "provider[\"registry.terraform.io/hashicorp/aws\"]",
      "instances": [
        {
          "schema_version": 0,
          "attributes": {
            "arn": "arn:aws-us-gov:ec2:us-gov-west-1:050779347855:security-group-rule/sgr-01f01e604998787f1",
            "cidr_ipv4": null,
            "cidr_ipv6": null,
            "description": null,
            "from_port": 443,
            "id": "sgr-01f01e604998787f1",
            "ip_protocol": "tcp",
            "prefix_list_id": null,
            "referenced_security_group_id": "sg-05b689cdd90002026",
            "security_group_id": "sg-08a68e02fea2591df",
            "security_group_rule_id": "sgr-01f01e604998787f1",
            "tags": null,
            "tags_all": {},
            "to_port": 443
          },
          "sensitive_attributes": []
        }
      ]
    },
    {
      "mode": "managed",
      "type": "aws_vpc_security_group_ingress_rule",
      "name": "sgr_01f64265e4318842d",
      "provider": "provider[\"registry.terraform.io/hashicorp/aws\"]",
      "instances": [
        {
          "schema_version": 0,
          "attributes": {
            "arn": "arn:aws-us-gov:ec2:us-gov-west-1:050779347855:security-group-rule/sgr-01f64265e4318842d",
            "cidr_ipv4": null,
            "cidr_ipv6": null,
            "description": null,
            "from_port": 80,
            "id": "sgr-01f64265e4318842d",
            "ip_protocol": "tcp",
            "prefix_list_id": null,
            "referenced_security_group_id": "sg-057a681c0afce6d70",
            "security_group_id": "sg-00980b7da446e1fe7",
            "security_group_rule_id": "sgr-01f64265e4318842d",
            "tags": null,
            "tags_all": {},
            "to_port": 80
          },
          "sensitive_attributes": []
        }
      ]
    },
    {
      "mode": "managed",
      "type": "aws_vpc_security_group_ingress_rule",
      "name": "sgr_020840fb3600f057b",
      "provider": "provider[\"registry.terraform.io/hashicorp/aws\"]",
      "instances": [
        {
          "schema_version": 0,
          "attributes": {
            "arn": "arn:aws-us-gov:ec2:us-gov-west-1:050779347855:security-group-rule/sgr-020840fb3600f057b",
            "cidr_ipv4": "0.0.0.0/0",
            "cidr_ipv6": null,
            "description": null,
            "from_port": 80,
            "id": "sgr-020840fb3600f057b",
            "ip_protocol": "tcp",
            "prefix_list_id": null,
            "referenced_security_group_id": null,
            "security_group_id": "sg-02b8e9f6f4fa195b6",
            "security_group_rule_id": "sgr-020840fb3600f057b",
            "tags": null,
            "tags_all": {},
            "to_port": 80
          },
          "sensitive_attributes": []
        }
      ]
    },
    {
      "mode": "managed",
      "type": "aws_vpc_security_group_ingress_rule",
      "name": "sgr_022a9abc211b5d541",
      "provider": "provider[\"registry.terraform.io/hashicorp/aws\"]",
      "instances": [
        {
          "schema_version": 0,
          "attributes": {
            "arn": "arn:aws-us-gov:ec2:us-gov-west-1:050779347855:security-group-rule/sgr-022a9abc211b5d541",
            "cidr_ipv4": null,
            "cidr_ipv6": null,
            "description": null,
            "from_port": 80,
            "id": "sgr-022a9abc211b5d541",
            "ip_protocol": "tcp",
            "prefix_list_id": null,
            "referenced_security_group_id": "sg-0e3da0334f6f1024d",
            "security_group_id": "sg-034a6ff43d0aa2770",
            "security_group_rule_id": "sgr-022a9abc211b5d541",
            "tags": null,
            "tags_all": {},
            "to_port": 80
          },
          "sensitive_attributes": []
        }
      ]
    },
    {
      "mode": "managed",
      "type": "aws_vpc_security_group_ingress_rule",
      "name": "sgr_024aeb900294c0147",
      "provider": "provider[\"registry.terraform.io/hashicorp/aws\"]",
      "instances": [
        {
          "schema_version": 0,
          "attributes": {
            "arn": "arn:aws-us-gov:ec2:us-gov-west-1:050779347855:security-group-rule/sgr-024aeb900294c0147",
            "cidr_ipv4": "192.64.190.31/32",
            "cidr_ipv6": null,
            "description": "macOS Jenkins JNLP",
            "from_port": 53659,
            "id": "sgr-024aeb900294c0147",
            "ip_protocol": "tcp",
            "prefix_list_id": null,
            "referenced_security_group_id": null,
            "security_group_id": "sg-06d03510b3f32b683",
            "security_group_rule_id": "sgr-024aeb900294c0147",
            "tags": null,
            "tags_all": {},
            "to_port": 53659
          },
          "sensitive_attributes": []
        }
      ]
    },
    {
      "mode": "managed",
      "type": "aws_vpc_security_group_ingress_rule",
      "name": "sgr_026125b53475e212c",
      "provider": "provider[\"registry.terraform.io/hashicorp/aws\"]",
      "instances": [
        {
          "schema_version": 0,
          "attributes": {
            "arn": "arn:aws-us-gov:ec2:us-gov-west-1:050779347855:security-group-rule/sgr-026125b53475e212c",
            "cidr_ipv4": "0.0.0.0/0",
            "cidr_ipv6": null,
            "description": null,
            "from_port": 80,
            "id": "sgr-026125b53475e212c",
            "ip_protocol": "tcp",
            "prefix_list_id": null,
            "referenced_security_group_id": null,
            "security_group_id": "sg-006b0c4ba4ce0eed7",
            "security_group_rule_id": "sgr-026125b53475e212c",
            "tags": null,
            "tags_all": {},
            "to_port": 80
          },
          "sensitive_attributes": []
        }
      ]
    },
    {
      "mode": "managed",
      "type": "aws_vpc_security_group_ingress_rule",
      "name": "sgr_026cb1a07969438df",
      "provider": "provider[\"registry.terraform.io/hashicorp/aws\"]",
      "instances": [
        {
          "schema_version": 0,
          "attributes": {
            "arn": "arn:aws-us-gov:ec2:us-gov-west-1:050779347855:security-group-rule/sgr-026cb1a07969438df",
            "cidr_ipv4": "0.0.0.0/0",
            "cidr_ipv6": null,
            "description": null,
            "from_port": 80,
            "id": "sgr-026cb1a07969438df",
            "ip_protocol": "tcp",
            "prefix_list_id": null,
            "referenced_security_group_id": null,
            "security_group_id": "sg-01c091d8d9e740817",
            "security_group_rule_id": "sgr-026cb1a07969438df",
            "tags": null,
            "tags_all": {},
            "to_port": 80
          },
          "sensitive_attributes": []
        }
      ]
    },
    {
      "mode": "managed",
      "type": "aws_vpc_security_group_ingress_rule",
      "name": "sgr_026d8cb090ee9750c",
      "provider": "provider[\"registry.terraform.io/hashicorp/aws\"]",
      "instances": [
        {
          "schema_version": 0,
          "attributes": {
            "arn": "arn:aws-us-gov:ec2:us-gov-west-1:050779347855:security-group-rule/sgr-026d8cb090ee9750c",
            "cidr_ipv4": "0.0.0.0/0",
            "cidr_ipv6": null,
            "description": null,
            "from_port": 443,
            "id": "sgr-026d8cb090ee9750c",
            "ip_protocol": "tcp",
            "prefix_list_id": null,
            "referenced_security_group_id": null,
            "security_group_id": "sg-0e3e058433a4793a7",
            "security_group_rule_id": "sgr-026d8cb090ee9750c",
            "tags": null,
            "tags_all": {},
            "to_port": 443
          },
          "sensitive_attributes": []
        }
      ]
    },
    {
      "mode": "managed",
      "type": "aws_vpc_security_group_ingress_rule",
      "name": "sgr_0297fb4e7512f9245",
      "provider": "provider[\"registry.terraform.io/hashicorp/aws\"]",
      "instances": [
        {
          "schema_version": 0,
          "attributes": {
            "arn": "arn:aws-us-gov:ec2:us-gov-west-1:050779347855:security-group-rule/sgr-0297fb4e7512f9245",
            "cidr_ipv4": null,
            "cidr_ipv6": null,
            "description": null,
            "from_port": 443,
            "id": "sgr-0297fb4e7512f9245",
            "ip_protocol": "tcp",
            "prefix_list_id": null,
            "referenced_security_group_id": "sg-00e4e569f9e6920de",
            "security_group_id": "sg-0c1125388a56a7f34",
            "security_group_rule_id": "sgr-0297fb4e7512f9245",
            "tags": null,
            "tags_all": {},
            "to_port": 443
          },
          "sensitive_attributes": []
        }
      ]
    },
    {
      "mode": "managed",
      "type": "aws_vpc_security_group_ingress_rule",
      "name": "sgr_02ad6ab3077f40513",
      "provider": "provider[\"registry.terraform.io/hashicorp/aws\"]",
      "instances": [
        {
          "schema_version": 0,
          "attributes": {
            "arn": "arn:aws-us-gov:ec2:us-gov-west-1:050779347855:security-group-rule/sgr-02ad6ab3077f40513",
            "cidr_ipv4": null,
            "cidr_ipv6": null,
            "description": "Jenkins Master SSH",
            "from_port": 22,
            "id": "sgr-02ad6ab3077f40513",
            "ip_protocol": "tcp",
            "prefix_list_id": null,
            "referenced_security_group_id": "sg-06d03510b3f32b683",
            "security_group_id": "sg-00d2e39f749c9f80c",
            "security_group_rule_id": "sgr-02ad6ab3077f40513",
            "tags": null,
            "tags_all": {},
            "to_port": 22
          },
          "sensitive_attributes": []
        }
      ]
    },
    {
      "mode": "managed",
      "type": "aws_vpc_security_group_ingress_rule",
      "name": "sgr_02bdaec6ff28bf9c9",
      "provider": "provider[\"registry.terraform.io/hashicorp/aws\"]",
      "instances": [
        {
          "schema_version": 0,
          "attributes": {
            "arn": "arn:aws-us-gov:ec2:us-gov-west-1:050779347855:security-group-rule/sgr-02bdaec6ff28bf9c9",
            "cidr_ipv4": "10.21.0.0/16",
            "cidr_ipv6": null,
            "description": null,
            "from_port": 80,
            "id": "sgr-02bdaec6ff28bf9c9",
            "ip_protocol": "tcp",
            "prefix_list_id": null,
            "referenced_security_group_id": null,
            "security_group_id": "sg-08a68e02fea2591df",
            "security_group_rule_id": "sgr-02bdaec6ff28bf9c9",
            "tags": null,
            "tags_all": {},
            "to_port": 80
          },
          "sensitive_attributes": []
        }
      ]
    },
    {
      "mode": "managed",
      "type": "aws_vpc_security_group_ingress_rule",
      "name": "sgr_02c00935108d8c9d4",
      "provider": "provider[\"registry.terraform.io/hashicorp/aws\"]",
      "instances": [
        {
          "schema_version": 0,
          "attributes": {
            "arn": "arn:aws-us-gov:ec2:us-gov-west-1:050779347855:security-group-rule/sgr-02c00935108d8c9d4",
            "cidr_ipv4": "0.0.0.0/0",
            "cidr_ipv6": null,
            "description": null,
            "from_port": 80,
            "id": "sgr-02c00935108d8c9d4",
            "ip_protocol": "tcp",
            "prefix_list_id": null,
            "referenced_security_group_id": null,
            "security_group_id": "sg-00e4e569f9e6920de",
            "security_group_rule_id": "sgr-02c00935108d8c9d4",
            "tags": null,
            "tags_all": {},
            "to_port": 80
          },
          "sensitive_attributes": []
        }
      ]
    },
    {
      "mode": "managed",
      "type": "aws_vpc_security_group_ingress_rule",
      "name": "sgr_034c5f31d5cd437df",
      "provider": "provider[\"registry.terraform.io/hashicorp/aws\"]",
      "instances": [
        {
          "schema_version": 0,
          "attributes": {
            "arn": "arn:aws-us-gov:ec2:us-gov-west-1:050779347855:security-group-rule/sgr-034c5f31d5cd437df",
            "cidr_ipv4": "10.21.0.0/16",
            "cidr_ipv6": null,
            "description": null,
            "from_port": 443,
            "id": "sgr-034c5f31d5cd437df",
            "ip_protocol": "tcp",
            "prefix_list_id": null,
            "referenced_security_group_id": null,
            "security_group_id": "sg-03769d92c81a37e14",
            "security_group_rule_id": "sgr-034c5f31d5cd437df",
            "tags": null,
            "tags_all": {},
            "to_port": 443
          },
          "sensitive_attributes": []
        }
      ]
    },
    {
      "mode": "managed",
      "type": "aws_vpc_security_group_ingress_rule",
      "name": "sgr_039c03b98eb938d58",
      "provider": "provider[\"registry.terraform.io/hashicorp/aws\"]",
      "instances": [
        {
          "schema_version": 0,
          "attributes": {
            "arn": "arn:aws-us-gov:ec2:us-gov-west-1:050779347855:security-group-rule/sgr-039c03b98eb938d58",
            "cidr_ipv4": null,
            "cidr_ipv6": null,
            "description": null,
            "from_port": 80,
            "id": "sgr-039c03b98eb938d58",
            "ip_protocol": "tcp",
            "prefix_list_id": null,
            "referenced_security_group_id": "sg-00e4e569f9e6920de",
            "security_group_id": "sg-0c1125388a56a7f34",
            "security_group_rule_id": "sgr-039c03b98eb938d58",
            "tags": null,
            "tags_all": {},
            "to_port": 80
          },
          "sensitive_attributes": []
        }
      ]
    },
    {
      "mode": "managed",
      "type": "aws_vpc_security_group_ingress_rule",
      "name": "sgr_03a1b0855a6927ffa",
      "provider": "provider[\"registry.terraform.io/hashicorp/aws\"]",
      "instances": [
        {
          "schema_version": 0,
          "attributes": {
            "arn": "arn:aws-us-gov:ec2:us-gov-west-1:050779347855:security-group-rule/sgr-03a1b0855a6927ffa",
            "cidr_ipv4": "99.106.205.90/32",
            "cidr_ipv6": null,
            "description": "Luke Read",
            "from_port": 22,
            "id": "sgr-03a1b0855a6927ffa",
            "ip_protocol": "tcp",
            "prefix_list_id": null,
            "referenced_security_group_id": null,
            "security_group_id": "sg-085eb8e3a0fba2f92",
            "security_group_rule_id": "sgr-03a1b0855a6927ffa",
            "tags": null,
            "tags_all": {},
            "to_port": 22
          },
          "sensitive_attributes": []
        }
      ]
    },
    {
      "mode": "managed",
      "type": "aws_vpc_security_group_ingress_rule",
      "name": "sgr_03eeab99e4c515d60",
      "provider": "provider[\"registry.terraform.io/hashicorp/aws\"]",
      "instances": [
        {
          "schema_version": 0,
          "attributes": {
            "arn": "arn:aws-us-gov:ec2:us-gov-west-1:050779347855:security-group-rule/sgr-03eeab99e4c515d60",
            "cidr_ipv4": "172.16.0.0/24",
            "cidr_ipv6": null,
            "description": "Redis",
            "from_port": 6379,
            "id": "sgr-03eeab99e4c515d60",
            "ip_protocol": "tcp",
            "prefix_list_id": null,
            "referenced_security_group_id": null,
            "security_group_id": "sg-05ec1afb8e4b24a12",
            "security_group_rule_id": "sgr-03eeab99e4c515d60",
            "tags": null,
            "tags_all": {},
            "to_port": 6379
          },
          "sensitive_attributes": []
        }
      ]
    },
    {
      "mode": "managed",
      "type": "aws_vpc_security_group_ingress_rule",
      "name": "sgr_03fd02f242efa77f0",
      "provider": "provider[\"registry.terraform.io/hashicorp/aws\"]",
      "instances": [
        {
          "schema_version": 0,
          "attributes": {
            "arn": "arn:aws-us-gov:ec2:us-gov-west-1:050779347855:security-group-rule/sgr-03fd02f242efa77f0",
            "cidr_ipv4": "10.21.0.0/16",
            "cidr_ipv6": null,
            "description": "Spring Cloud Config Server",
            "from_port": 8888,
            "id": "sgr-03fd02f242efa77f0",
            "ip_protocol": "tcp",
            "prefix_list_id": null,
            "referenced_security_group_id": null,
            "security_group_id": "sg-03769d92c81a37e14",
            "security_group_rule_id": "sgr-03fd02f242efa77f0",
            "tags": null,
            "tags_all": {},
            "to_port": 8888
          },
          "sensitive_attributes": []
        }
      ]
    },
    {
      "mode": "managed",
      "type": "aws_vpc_security_group_ingress_rule",
      "name": "sgr_041987aa0a47833a9",
      "provider": "provider[\"registry.terraform.io/hashicorp/aws\"]",
      "instances": [
        {
          "schema_version": 0,
          "attributes": {
            "arn": "arn:aws-us-gov:ec2:us-gov-west-1:050779347855:security-group-rule/sgr-041987aa0a47833a9",
            "cidr_ipv4": "0.0.0.0/0",
            "cidr_ipv6": null,
            "description": "HTTP",
            "from_port": 80,
            "id": "sgr-041987aa0a47833a9",
            "ip_protocol": "tcp",
            "prefix_list_id": null,
            "referenced_security_group_id": null,
            "security_group_id": "sg-06d03510b3f32b683",
            "security_group_rule_id": "sgr-041987aa0a47833a9",
            "tags": null,
            "tags_all": {},
            "to_port": 80
          },
          "sensitive_attributes": []
        }
      ]
    },
    {
      "mode": "managed",
      "type": "aws_vpc_security_group_ingress_rule",
      "name": "sgr_0485e462a704fa597",
      "provider": "provider[\"registry.terraform.io/hashicorp/aws\"]",
      "instances": [
        {
          "schema_version": 0,
          "attributes": {
            "arn": "arn:aws-us-gov:ec2:us-gov-west-1:050779347855:security-group-rule/sgr-0485e462a704fa597",
            "cidr_ipv4": "10.21.0.0/16",
            "cidr_ipv6": null,
            "description": null,
            "from_port": 80,
            "id": "sgr-0485e462a704fa597",
            "ip_protocol": "tcp",
            "prefix_list_id": null,
            "referenced_security_group_id": null,
            "security_group_id": "sg-0f5539d3e349bae63",
            "security_group_rule_id": "sgr-0485e462a704fa597",
            "tags": null,
            "tags_all": {},
            "to_port": 80
          },
          "sensitive_attributes": []
        }
      ]
    },
    {
      "mode": "managed",
      "type": "aws_vpc_security_group_ingress_rule",
      "name": "sgr_04aae80945231a0ba",
      "provider": "provider[\"registry.terraform.io/hashicorp/aws\"]",
      "instances": [
        {
          "schema_version": 0,
          "attributes": {
            "arn": "arn:aws-us-gov:ec2:us-gov-west-1:050779347855:security-group-rule/sgr-04aae80945231a0ba",
            "cidr_ipv4": "0.0.0.0/0",
            "cidr_ipv6": null,
            "description": null,
            "from_port": 443,
            "id": "sgr-04aae80945231a0ba",
            "ip_protocol": "tcp",
            "prefix_list_id": null,
            "referenced_security_group_id": null,
            "security_group_id": "sg-05da8fce7414d294c",
            "security_group_rule_id": "sgr-04aae80945231a0ba",
            "tags": null,
            "tags_all": {},
            "to_port": 443
          },
          "sensitive_attributes": []
        }
      ]
    },
    {
      "mode": "managed",
      "type": "aws_vpc_security_group_ingress_rule",
      "name": "sgr_04c62a7ebfb86dd80",
      "provider": "provider[\"registry.terraform.io/hashicorp/aws\"]",
      "instances": [
        {
          "schema_version": 0,
          "attributes": {
            "arn": "arn:aws-us-gov:ec2:us-gov-west-1:050779347855:security-group-rule/sgr-04c62a7ebfb86dd80",
            "cidr_ipv4": "10.21.0.0/16",
            "cidr_ipv6": null,
            "description": null,
            "from_port": 80,
            "id": "sgr-04c62a7ebfb86dd80",
            "ip_protocol": "tcp",
            "prefix_list_id": null,
            "referenced_security_group_id": null,
            "security_group_id": "sg-0296b2368533e84a8",
            "security_group_rule_id": "sgr-04c62a7ebfb86dd80",
            "tags": null,
            "tags_all": {},
            "to_port": 80
          },
          "sensitive_attributes": []
        }
      ]
    },
    {
      "mode": "managed",
      "type": "aws_vpc_security_group_ingress_rule",
      "name": "sgr_04e014940611b486d",
      "provider": "provider[\"registry.terraform.io/hashicorp/aws\"]",
      "instances": [
        {
          "schema_version": 0,
          "attributes": {
            "arn": "arn:aws-us-gov:ec2:us-gov-west-1:050779347855:security-group-rule/sgr-04e014940611b486d",
            "cidr_ipv4": "0.0.0.0/0",
            "cidr_ipv6": null,
            "description": null,
            "from_port": 443,
            "id": "sgr-04e014940611b486d",
            "ip_protocol": "tcp",
            "prefix_list_id": null,
            "referenced_security_group_id": null,
            "security_group_id": "sg-0a8d1d3a2d1effe5d",
            "security_group_rule_id": "sgr-04e014940611b486d",
            "tags": null,
            "tags_all": {},
            "to_port": 443
          },
          "sensitive_attributes": []
        }
      ]
    },
    {
      "mode": "managed",
      "type": "aws_vpc_security_group_ingress_rule",
      "name": "sgr_04f261eaa1886fcfa",
      "provider": "provider[\"registry.terraform.io/hashicorp/aws\"]",
      "instances": [
        {
          "schema_version": 0,
          "attributes": {
            "arn": "arn:aws-us-gov:ec2:us-gov-west-1:050779347855:security-group-rule/sgr-04f261eaa1886fcfa",
            "cidr_ipv4": "172.222.112.145/32",
            "cidr_ipv6": null,
            "description": null,
            "from_port": 22,
            "id": "sgr-04f261eaa1886fcfa",
            "ip_protocol": "tcp",
            "prefix_list_id": null,
            "referenced_security_group_id": null,
            "security_group_id": "sg-0b0eed2b18edcbfaa",
            "security_group_rule_id": "sgr-04f261eaa1886fcfa",
            "tags": null,
            "tags_all": {},
            "to_port": 22
          },
          "sensitive_attributes": []
        }
      ]
    },
    {
      "mode": "managed",
      "type": "aws_vpc_security_group_ingress_rule",
      "name": "sgr_05425b43ccbdd9a92",
      "provider": "provider[\"registry.terraform.io/hashicorp/aws\"]",
      "instances": [
        {
          "schema_version": 0,
          "attributes": {
            "arn": "arn:aws-us-gov:ec2:us-gov-west-1:050779347855:security-group-rule/sgr-05425b43ccbdd9a92",
            "cidr_ipv4": "10.21.0.0/16",
            "cidr_ipv6": null,
            "description": "HTTPS",
            "from_port": 443,
            "id": "sgr-05425b43ccbdd9a92",
            "ip_protocol": "tcp",
            "prefix_list_id": null,
            "referenced_security_group_id": null,
            "security_group_id": "sg-09655a5d35c96b651",
            "security_group_rule_id": "sgr-05425b43ccbdd9a92",
            "tags": null,
            "tags_all": {},
            "to_port": 443
          },
          "sensitive_attributes": []
        }
      ]
    },
    {
      "mode": "managed",
      "type": "aws_vpc_security_group_ingress_rule",
      "name": "sgr_059764dd4f10bb643",
      "provider": "provider[\"registry.terraform.io/hashicorp/aws\"]",
      "instances": [
        {
          "schema_version": 0,
          "attributes": {
            "arn": "arn:aws-us-gov:ec2:us-gov-west-1:050779347855:security-group-rule/sgr-059764dd4f10bb643",
            "cidr_ipv4": "0.0.0.0/0",
            "cidr_ipv6": null,
            "description": null,
            "from_port": 80,
            "id": "sgr-059764dd4f10bb643",
            "ip_protocol": "tcp",
            "prefix_list_id": null,
            "referenced_security_group_id": null,
            "security_group_id": "sg-0ce67711c9eb8e894",
            "security_group_rule_id": "sgr-059764dd4f10bb643",
            "tags": null,
            "tags_all": {},
            "to_port": 80
          },
          "sensitive_attributes": []
        }
      ]
    },
    {
      "mode": "managed",
      "type": "aws_vpc_security_group_ingress_rule",
      "name": "sgr_05db1e7e3c17c0aa4",
      "provider": "provider[\"registry.terraform.io/hashicorp/aws\"]",
      "instances": [
        {
          "schema_version": 0,
          "attributes": {
            "arn": "arn:aws-us-gov:ec2:us-gov-west-1:050779347855:security-group-rule/sgr-05db1e7e3c17c0aa4",
            "cidr_ipv4": "0.0.0.0/0",
            "cidr_ipv6": null,
            "description": null,
            "from_port": 443,
            "id": "sgr-05db1e7e3c17c0aa4",
            "ip_protocol": "tcp",
            "prefix_list_id": null,
            "referenced_security_group_id": null,
            "security_group_id": "sg-01c091d8d9e740817",
            "security_group_rule_id": "sgr-05db1e7e3c17c0aa4",
            "tags": null,
            "tags_all": {},
            "to_port": 443
          },
          "sensitive_attributes": []
        }
      ]
    },
    {
      "mode": "managed",
      "type": "aws_vpc_security_group_ingress_rule",
      "name": "sgr_05fc7e716081ef38c",
      "provider": "provider[\"registry.terraform.io/hashicorp/aws\"]",
      "instances": [
        {
          "schema_version": 0,
          "attributes": {
            "arn": "arn:aws-us-gov:ec2:us-gov-west-1:050779347855:security-group-rule/sgr-05fc7e716081ef38c",
            "cidr_ipv4": "10.21.0.0/16",
            "cidr_ipv6": null,
            "description": "Eureka Discovery Service",
            "from_port": 8761,
            "id": "sgr-05fc7e716081ef38c",
            "ip_protocol": "tcp",
            "prefix_list_id": null,
            "referenced_security_group_id": null,
            "security_group_id": "sg-096a6ba8268eef3f6",
            "security_group_rule_id": "sgr-05fc7e716081ef38c",
            "tags": null,
            "tags_all": {},
            "to_port": 8761
          },
          "sensitive_attributes": []
        }
      ]
    },
    {
      "mode": "managed",
      "type": "aws_vpc_security_group_ingress_rule",
      "name": "sgr_0626ce9c4bee91cff",
      "provider": "provider[\"registry.terraform.io/hashicorp/aws\"]",
      "instances": [
        {
          "schema_version": 0,
          "attributes": {
            "arn": "arn:aws-us-gov:ec2:us-gov-west-1:050779347855:security-group-rule/sgr-0626ce9c4bee91cff",
            "cidr_ipv4": "0.0.0.0/0",
            "cidr_ipv6": null,
            "description": null,
            "from_port": 443,
            "id": "sgr-0626ce9c4bee91cff",
            "ip_protocol": "tcp",
            "prefix_list_id": null,
            "referenced_security_group_id": null,
            "security_group_id": "sg-0ce67711c9eb8e894",
            "security_group_rule_id": "sgr-0626ce9c4bee91cff",
            "tags": null,
            "tags_all": {},
            "to_port": 443
          },
          "sensitive_attributes": []
        }
      ]
    },
    {
      "mode": "managed",
      "type": "aws_vpc_security_group_ingress_rule",
      "name": "sgr_06882f2d827c6814d",
      "provider": "provider[\"registry.terraform.io/hashicorp/aws\"]",
      "instances": [
        {
          "schema_version": 0,
          "attributes": {
            "arn": "arn:aws-us-gov:ec2:us-gov-west-1:050779347855:security-group-rule/sgr-06882f2d827c6814d",
            "cidr_ipv4": "0.0.0.0/0",
            "cidr_ipv6": null,
            "description": null,
            "from_port": 80,
            "id": "sgr-06882f2d827c6814d",
            "ip_protocol": "tcp",
            "prefix_list_id": null,
            "referenced_security_group_id": null,
            "security_group_id": "sg-0e3da0334f6f1024d",
            "security_group_rule_id": "sgr-06882f2d827c6814d",
            "tags": null,
            "tags_all": {},
            "to_port": 80
          },
          "sensitive_attributes": []
        }
      ]
    },
    {
      "mode": "managed",
      "type": "aws_vpc_security_group_ingress_rule",
      "name": "sgr_06a06899b5c2533f8",
      "provider": "provider[\"registry.terraform.io/hashicorp/aws\"]",
      "instances": [
        {
          "schema_version": 0,
          "attributes": {
            "arn": "arn:aws-us-gov:ec2:us-gov-west-1:050779347855:security-group-rule/sgr-06a06899b5c2533f8",
            "cidr_ipv4": "99.106.205.90/32",
            "cidr_ipv6": null,
            "description": "Luke Read - Home",
            "from_port": 22,
            "id": "sgr-06a06899b5c2533f8",
            "ip_protocol": "tcp",
            "prefix_list_id": null,
            "referenced_security_group_id": null,
            "security_group_id": "sg-0313ffdf68606e618",
            "security_group_rule_id": "sgr-06a06899b5c2533f8",
            "tags": null,
            "tags_all": {},
            "to_port": 22
          },
          "sensitive_attributes": []
        }
      ]
    },
    {
      "mode": "managed",
      "type": "aws_vpc_security_group_ingress_rule",
      "name": "sgr_07acf4bcb1326304d",
      "provider": "provider[\"registry.terraform.io/hashicorp/aws\"]",
      "instances": [
        {
          "schema_version": 0,
          "attributes": {
            "arn": "arn:aws-us-gov:ec2:us-gov-west-1:050779347855:security-group-rule/sgr-07acf4bcb1326304d",
            "cidr_ipv4": "172.16.0.0/24",
            "cidr_ipv6": null,
            "description": "HTTPS",
            "from_port": 443,
            "id": "sgr-07acf4bcb1326304d",
            "ip_protocol": "tcp",
            "prefix_list_id": null,
            "referenced_security_group_id": null,
            "security_group_id": "sg-07fbaf379b52f13b0",
            "security_group_rule_id": "sgr-07acf4bcb1326304d",
            "tags": null,
            "tags_all": {},
            "to_port": 443
          },
          "sensitive_attributes": []
        }
      ]
    },
    {
      "mode": "managed",
      "type": "aws_vpc_security_group_ingress_rule",
      "name": "sgr_0802660b9bb146f92",
      "provider": "provider[\"registry.terraform.io/hashicorp/aws\"]",
      "instances": [
        {
          "schema_version": 0,
          "attributes": {
            "arn": "arn:aws-us-gov:ec2:us-gov-west-1:050779347855:security-group-rule/sgr-0802660b9bb146f92",
            "cidr_ipv4": "0.0.0.0/0",
            "cidr_ipv6": null,
            "description": null,
            "from_port": 53,
            "id": "sgr-0802660b9bb146f92",
            "ip_protocol": "udp",
            "prefix_list_id": null,
            "referenced_security_group_id": null,
            "security_group_id": "sg-0b0eed2b18edcbfaa",
            "security_group_rule_id": "sgr-0802660b9bb146f92",
            "tags": null,
            "tags_all": {},
            "to_port": 53
          },
          "sensitive_attributes": []
        }
      ]
    },
    {
      "mode": "managed",
      "type": "aws_vpc_security_group_ingress_rule",
      "name": "sgr_0844ab259b79aac7c",
      "provider": "provider[\"registry.terraform.io/hashicorp/aws\"]",
      "instances": [
        {
          "schema_version": 0,
          "attributes": {
            "arn": "arn:aws-us-gov:ec2:us-gov-west-1:050779347855:security-group-rule/sgr-0844ab259b79aac7c",
            "cidr_ipv4": "0.0.0.0/0",
            "cidr_ipv6": null,
            "description": null,
            "from_port": 80,
            "id": "sgr-0844ab259b79aac7c",
            "ip_protocol": "tcp",
            "prefix_list_id": null,
            "referenced_security_group_id": null,
            "security_group_id": "sg-05b689cdd90002026",
            "security_group_rule_id": "sgr-0844ab259b79aac7c",
            "tags": null,
            "tags_all": {},
            "to_port": 80
          },
          "sensitive_attributes": []
        }
      ]
    },
    {
      "mode": "managed",
      "type": "aws_vpc_security_group_ingress_rule",
      "name": "sgr_086e787242fc41406",
      "provider": "provider[\"registry.terraform.io/hashicorp/aws\"]",
      "instances": [
        {
          "schema_version": 0,
          "attributes": {
            "arn": "arn:aws-us-gov:ec2:us-gov-west-1:050779347855:security-group-rule/sgr-086e787242fc41406",
            "cidr_ipv4": "0.0.0.0/0",
            "cidr_ipv6": null,
            "description": null,
            "from_port": 443,
            "id": "sgr-086e787242fc41406",
            "ip_protocol": "tcp",
            "prefix_list_id": null,
            "referenced_security_group_id": null,
            "security_group_id": "sg-02b8e9f6f4fa195b6",
            "security_group_rule_id": "sgr-086e787242fc41406",
            "tags": null,
            "tags_all": {},
            "to_port": 443
          },
          "sensitive_attributes": []
        }
      ]
    },
    {
      "mode": "managed",
      "type": "aws_vpc_security_group_ingress_rule",
      "name": "sgr_08701f1095cda5365",
      "provider": "provider[\"registry.terraform.io/hashicorp/aws\"]",
      "instances": [
        {
          "schema_version": 0,
          "attributes": {
            "arn": "arn:aws-us-gov:ec2:us-gov-west-1:050779347855:security-group-rule/sgr-08701f1095cda5365",
            "cidr_ipv4": "10.21.0.0/16",
            "cidr_ipv6": null,
            "description": "Redis access from within the VPC",
            "from_port": 6379,
            "id": "sgr-08701f1095cda5365",
            "ip_protocol": "tcp",
            "prefix_list_id": null,
            "referenced_security_group_id": null,
            "security_group_id": "sg-0d25cb1fc58d097e9",
            "security_group_rule_id": "sgr-08701f1095cda5365",
            "tags": null,
            "tags_all": {},
            "to_port": 6379
          },
          "sensitive_attributes": []
        }
      ]
    },
    {
      "mode": "managed",
      "type": "aws_vpc_security_group_ingress_rule",
      "name": "sgr_0873101b837cb99f2",
      "provider": "provider[\"registry.terraform.io/hashicorp/aws\"]",
      "instances": [
        {
          "schema_version": 0,
          "attributes": {
            "arn": "arn:aws-us-gov:ec2:us-gov-west-1:050779347855:security-group-rule/sgr-0873101b837cb99f2",
            "cidr_ipv4": "0.0.0.0/0",
            "cidr_ipv6": null,
            "description": null,
            "from_port": 443,
            "id": "sgr-0873101b837cb99f2",
            "ip_protocol": "tcp",
            "prefix_list_id": null,
            "referenced_security_group_id": null,
            "security_group_id": "sg-006b0c4ba4ce0eed7",
            "security_group_rule_id": "sgr-0873101b837cb99f2",
            "tags": null,
            "tags_all": {},
            "to_port": 443
          },
          "sensitive_attributes": []
        }
      ]
    },
    {
      "mode": "managed",
      "type": "aws_vpc_security_group_ingress_rule",
      "name": "sgr_087dc81c9705931b6",
      "provider": "provider[\"registry.terraform.io/hashicorp/aws\"]",
      "instances": [
        {
          "schema_version": 0,
          "attributes": {
            "arn": "arn:aws-us-gov:ec2:us-gov-west-1:050779347855:security-group-rule/sgr-087dc81c9705931b6",
            "cidr_ipv4": null,
            "cidr_ipv6": null,
            "description": null,
            "from_port": 80,
            "id": "sgr-087dc81c9705931b6",
            "ip_protocol": "tcp",
            "prefix_list_id": null,
            "referenced_security_group_id": "sg-0ab678abfaabcacf3",
            "security_group_id": "sg-0a3723815add710c0",
            "security_group_rule_id": "sgr-087dc81c9705931b6",
            "tags": null,
            "tags_all": {},
            "to_port": 80
          },
          "sensitive_attributes": []
        }
      ]
    },
    {
      "mode": "managed",
      "type": "aws_vpc_security_group_ingress_rule",
      "name": "sgr_088019ec0c3f39335",
      "provider": "provider[\"registry.terraform.io/hashicorp/aws\"]",
      "instances": [
        {
          "schema_version": 0,
          "attributes": {
            "arn": "arn:aws-us-gov:ec2:us-gov-west-1:050779347855:security-group-rule/sgr-088019ec0c3f39335",
            "cidr_ipv4": "0.0.0.0/0",
            "cidr_ipv6": null,
            "description": "DNS added to access endpoint",
            "from_port": 53,
            "id": "sgr-088019ec0c3f39335",
            "ip_protocol": "tcp",
            "prefix_list_id": null,
            "referenced_security_group_id": null,
            "security_group_id": "sg-0b0eed2b18edcbfaa",
            "security_group_rule_id": "sgr-088019ec0c3f39335",
            "tags": null,
            "tags_all": {},
            "to_port": 53
          },
          "sensitive_attributes": []
        }
      ]
    },
    {
      "mode": "managed",
      "type": "aws_vpc_security_group_ingress_rule",
      "name": "sgr_088a7a5a38969c749",
      "provider": "provider[\"registry.terraform.io/hashicorp/aws\"]",
      "instances": [
        {
          "schema_version": 0,
          "attributes": {
            "arn": "arn:aws-us-gov:ec2:us-gov-west-1:050779347855:security-group-rule/sgr-088a7a5a38969c749",
            "cidr_ipv4": null,
            "cidr_ipv6": "::/0",
            "description": "HTTPS",
            "from_port": 443,
            "id": "sgr-088a7a5a38969c749",
            "ip_protocol": "tcp",
            "prefix_list_id": null,
            "referenced_security_group_id": null,
            "security_group_id": "sg-03365a1e4d5ef869d",
            "security_group_rule_id": "sgr-088a7a5a38969c749",
            "tags": null,
            "tags_all": {},
            "to_port": 443
          },
          "sensitive_attributes": []
        }
      ]
    },
    {
      "mode": "managed",
      "type": "aws_vpc_security_group_ingress_rule",
      "name": "sgr_08a9063ae7a2676d4",
      "provider": "provider[\"registry.terraform.io/hashicorp/aws\"]",
      "instances": [
        {
          "schema_version": 0,
          "attributes": {
            "arn": "arn:aws-us-gov:ec2:us-gov-west-1:050779347855:security-group-rule/sgr-08a9063ae7a2676d4",
            "cidr_ipv4": null,
            "cidr_ipv6": null,
            "description": null,
            "from_port": 443,
            "id": "sgr-08a9063ae7a2676d4",
            "ip_protocol": "tcp",
            "prefix_list_id": null,
            "referenced_security_group_id": "sg-0848e0e98be81d011",
            "security_group_id": "sg-0d799b653c4043218",
            "security_group_rule_id": "sgr-08a9063ae7a2676d4",
            "tags": null,
            "tags_all": {},
            "to_port": 443
          },
          "sensitive_attributes": []
        }
      ]
    },
    {
      "mode": "managed",
      "type": "aws_vpc_security_group_ingress_rule",
      "name": "sgr_08f2ab034f931c661",
      "provider": "provider[\"registry.terraform.io/hashicorp/aws\"]",
      "instances": [
        {
          "schema_version": 0,
          "attributes": {
            "arn": "arn:aws-us-gov:ec2:us-gov-west-1:050779347855:security-group-rule/sgr-08f2ab034f931c661",
            "cidr_ipv4": "10.21.0.0/16",
            "cidr_ipv6": null,
            "description": null,
            "from_port": 80,
            "id": "sgr-08f2ab034f931c661",
            "ip_protocol": "tcp",
            "prefix_list_id": null,
            "referenced_security_group_id": null,
            "security_group_id": "sg-0615d31b0d6d092d3",
            "security_group_rule_id": "sgr-08f2ab034f931c661",
            "tags": null,
            "tags_all": {},
            "to_port": 80
          },
          "sensitive_attributes": []
        }
      ]
    },
    {
      "mode": "managed",
      "type": "aws_vpc_security_group_ingress_rule",
      "name": "sgr_090e05346b4a70ff1",
      "provider": "provider[\"registry.terraform.io/hashicorp/aws\"]",
      "instances": [
        {
          "schema_version": 0,
          "attributes": {
            "arn": "arn:aws-us-gov:ec2:us-gov-west-1:050779347855:security-group-rule/sgr-090e05346b4a70ff1",
            "cidr_ipv4": "172.16.0.0/24",
            "cidr_ipv6": null,
            "description": "Jenkins JNLP",
            "from_port": 53659,
            "id": "sgr-090e05346b4a70ff1",
            "ip_protocol": "tcp",
            "prefix_list_id": null,
            "referenced_security_group_id": null,
            "security_group_id": "sg-06d03510b3f32b683",
            "security_group_rule_id": "sgr-090e05346b4a70ff1",
            "tags": null,
            "tags_all": {},
            "to_port": 53659
          },
          "sensitive_attributes": []
        }
      ]
    },
    {
      "mode": "managed",
      "type": "aws_vpc_security_group_ingress_rule",
      "name": "sgr_0930baddfca6a7bc8",
      "provider": "provider[\"registry.terraform.io/hashicorp/aws\"]",
      "instances": [
        {
          "schema_version": 0,
          "attributes": {
            "arn": "arn:aws-us-gov:ec2:us-gov-west-1:050779347855:security-group-rule/sgr-0930baddfca6a7bc8",
            "cidr_ipv4": "10.21.0.0/16",
            "cidr_ipv6": null,
            "description": null,
            "from_port": 80,
            "id": "sgr-0930baddfca6a7bc8",
            "ip_protocol": "tcp",
            "prefix_list_id": null,
            "referenced_security_group_id": null,
            "security_group_id": "sg-0c57e293d12c4ba08",
            "security_group_rule_id": "sgr-0930baddfca6a7bc8",
            "tags": null,
            "tags_all": {},
            "to_port": 80
          },
          "sensitive_attributes": []
        }
      ]
    },
    {
      "mode": "managed",
      "type": "aws_vpc_security_group_ingress_rule",
      "name": "sgr_096c6fd248b76ae23",
      "provider": "provider[\"registry.terraform.io/hashicorp/aws\"]",
      "instances": [
        {
          "schema_version": 0,
          "attributes": {
            "arn": "arn:aws-us-gov:ec2:us-gov-west-1:050779347855:security-group-rule/sgr-096c6fd248b76ae23",
            "cidr_ipv4": "0.0.0.0/0",
            "cidr_ipv6": null,
            "description": null,
            "from_port": 80,
            "id": "sgr-096c6fd248b76ae23",
            "ip_protocol": "tcp",
            "prefix_list_id": null,
            "referenced_security_group_id": null,
            "security_group_id": "sg-0e3e058433a4793a7",
            "security_group_rule_id": "sgr-096c6fd248b76ae23",
            "tags": null,
            "tags_all": {},
            "to_port": 80
          },
          "sensitive_attributes": []
        }
      ]
    },
    {
      "mode": "managed",
      "type": "aws_vpc_security_group_ingress_rule",
      "name": "sgr_0977796c844836a44",
      "provider": "provider[\"registry.terraform.io/hashicorp/aws\"]",
      "instances": [
        {
          "schema_version": 0,
          "attributes": {
            "arn": "arn:aws-us-gov:ec2:us-gov-west-1:050779347855:security-group-rule/sgr-0977796c844836a44",
            "cidr_ipv4": "0.0.0.0/0",
            "cidr_ipv6": null,
            "description": null,
            "from_port": 443,
            "id": "sgr-0977796c844836a44",
            "ip_protocol": "tcp",
            "prefix_list_id": null,
            "referenced_security_group_id": null,
            "security_group_id": "sg-0b827258e3f0559d8",
            "security_group_rule_id": "sgr-0977796c844836a44",
            "tags": null,
            "tags_all": {},
            "to_port": 443
          },
          "sensitive_attributes": []
        }
      ]
    },
    {
      "mode": "managed",
      "type": "aws_vpc_security_group_ingress_rule",
      "name": "sgr_098b4b76339b51ba6",
      "provider": "provider[\"registry.terraform.io/hashicorp/aws\"]",
      "instances": [
        {
          "schema_version": 0,
          "attributes": {
            "arn": "arn:aws-us-gov:ec2:us-gov-west-1:050779347855:security-group-rule/sgr-098b4b76339b51ba6",
            "cidr_ipv4": null,
            "cidr_ipv6": null,
            "description": null,
            "from_port": 443,
            "id": "sgr-098b4b76339b51ba6",
            "ip_protocol": "tcp",
            "prefix_list_id": null,
            "referenced_security_group_id": "sg-0a8d1d3a2d1effe5d",
            "security_group_id": "sg-0961642367dac1a13",
            "security_group_rule_id": "sgr-098b4b76339b51ba6",
            "tags": null,
            "tags_all": {},
            "to_port": 443
          },
          "sensitive_attributes": []
        }
      ]
    },
    {
      "mode": "managed",
      "type": "aws_vpc_security_group_ingress_rule",
      "name": "sgr_09b300fce34f231c8",
      "provider": "provider[\"registry.terraform.io/hashicorp/aws\"]",
      "instances": [
        {
          "schema_version": 0,
          "attributes": {
            "arn": "arn:aws-us-gov:ec2:us-gov-west-1:050779347855:security-group-rule/sgr-09b300fce34f231c8",
            "cidr_ipv4": "0.0.0.0/0",
            "cidr_ipv6": null,
            "description": null,
            "from_port": 80,
            "id": "sgr-09b300fce34f231c8",
            "ip_protocol": "tcp",
            "prefix_list_id": null,
            "referenced_security_group_id": null,
            "security_group_id": "sg-05da8fce7414d294c",
            "security_group_rule_id": "sgr-09b300fce34f231c8",
            "tags": null,
            "tags_all": {},
            "to_port": 80
          },
          "sensitive_attributes": []
        }
      ]
    },
    {
      "mode": "managed",
      "type": "aws_vpc_security_group_ingress_rule",
      "name": "sgr_09b5604c640084fe6",
      "provider": "provider[\"registry.terraform.io/hashicorp/aws\"]",
      "instances": [
        {
          "schema_version": 0,
          "attributes": {
            "arn": "arn:aws-us-gov:ec2:us-gov-west-1:050779347855:security-group-rule/sgr-09b5604c640084fe6",
            "cidr_ipv4": "0.0.0.0/0",
            "cidr_ipv6": null,
            "description": null,
            "from_port": 80,
            "id": "sgr-09b5604c640084fe6",
            "ip_protocol": "tcp",
            "prefix_list_id": null,
            "referenced_security_group_id": null,
            "security_group_id": "sg-0ab678abfaabcacf3",
            "security_group_rule_id": "sgr-09b5604c640084fe6",
            "tags": null,
            "tags_all": {},
            "to_port": 80
          },
          "sensitive_attributes": []
        }
      ]
    },
    {
      "mode": "managed",
      "type": "aws_vpc_security_group_ingress_rule",
      "name": "sgr_09b596e736dd75697",
      "provider": "provider[\"registry.terraform.io/hashicorp/aws\"]",
      "instances": [
        {
          "schema_version": 0,
          "attributes": {
            "arn": "arn:aws-us-gov:ec2:us-gov-west-1:050779347855:security-group-rule/sgr-09b596e736dd75697",
            "cidr_ipv4": null,
            "cidr_ipv6": null,
            "description": null,
            "from_port": 443,
            "id": "sgr-09b596e736dd75697",
            "ip_protocol": "tcp",
            "prefix_list_id": null,
            "referenced_security_group_id": "sg-057a681c0afce6d70",
            "security_group_id": "sg-00980b7da446e1fe7",
            "security_group_rule_id": "sgr-09b596e736dd75697",
            "tags": null,
            "tags_all": {},
            "to_port": 443
          },
          "sensitive_attributes": []
        }
      ]
    },
    {
      "mode": "managed",
      "type": "aws_vpc_security_group_ingress_rule",
      "name": "sgr_0a14e7e0b086368f6",
      "provider": "provider[\"registry.terraform.io/hashicorp/aws\"]",
      "instances": [
        {
          "schema_version": 0,
          "attributes": {
            "arn": "arn:aws-us-gov:ec2:us-gov-west-1:050779347855:security-group-rule/sgr-0a14e7e0b086368f6",
            "cidr_ipv4": "0.0.0.0/0",
            "cidr_ipv6": null,
            "description": "HTTP",
            "from_port": 80,
            "id": "sgr-0a14e7e0b086368f6",
            "ip_protocol": "tcp",
            "prefix_list_id": null,
            "referenced_security_group_id": null,
            "security_group_id": "sg-03365a1e4d5ef869d",
            "security_group_rule_id": "sgr-0a14e7e0b086368f6",
            "tags": null,
            "tags_all": {},
            "to_port": 80
          },
          "sensitive_attributes": []
        }
      ]
    },
    {
      "mode": "managed",
      "type": "aws_vpc_security_group_ingress_rule",
      "name": "sgr_0a2e77168b4e20681",
      "provider": "provider[\"registry.terraform.io/hashicorp/aws\"]",
      "instances": [
        {
          "schema_version": 0,
          "attributes": {
            "arn": "arn:aws-us-gov:ec2:us-gov-west-1:050779347855:security-group-rule/sgr-0a2e77168b4e20681",
            "cidr_ipv4": "0.0.0.0/0",
            "cidr_ipv6": null,
            "description": null,
            "from_port": 443,
            "id": "sgr-0a2e77168b4e20681",
            "ip_protocol": "tcp",
            "prefix_list_id": null,
            "referenced_security_group_id": null,
            "security_group_id": "sg-057a681c0afce6d70",
            "security_group_rule_id": "sgr-0a2e77168b4e20681",
            "tags": null,
            "tags_all": {},
            "to_port": 443
          },
          "sensitive_attributes": []
        }
      ]
    },
    {
      "mode": "managed",
      "type": "aws_vpc_security_group_ingress_rule",
      "name": "sgr_0a4e4c6567f3b23f6",
      "provider": "provider[\"registry.terraform.io/hashicorp/aws\"]",
      "instances": [
        {
          "schema_version": 0,
          "attributes": {
            "arn": "arn:aws-us-gov:ec2:us-gov-west-1:050779347855:security-group-rule/sgr-0a4e4c6567f3b23f6",
            "cidr_ipv4": "45.30.52.95/32",
            "cidr_ipv6": null,
            "description": "ssh added to access endpoint and instance",
            "from_port": 22,
            "id": "sgr-0a4e4c6567f3b23f6",
            "ip_protocol": "tcp",
            "prefix_list_id": null,
            "referenced_security_group_id": null,
            "security_group_id": "sg-0b0eed2b18edcbfaa",
            "security_group_rule_id": "sgr-0a4e4c6567f3b23f6",
            "tags": null,
            "tags_all": {},
            "to_port": 22
          },
          "sensitive_attributes": []
        }
      ]
    },
    {
      "mode": "managed",
      "type": "aws_vpc_security_group_ingress_rule",
      "name": "sgr_0a6b271b1c19f090f",
      "provider": "provider[\"registry.terraform.io/hashicorp/aws\"]",
      "instances": [
        {
          "schema_version": 0,
          "attributes": {
            "arn": "arn:aws-us-gov:ec2:us-gov-west-1:050779347855:security-group-rule/sgr-0a6b271b1c19f090f",
            "cidr_ipv4": "172.30.0.0/16",
            "cidr_ipv6": null,
            "description": "Postgresql access from Original Production VPC",
            "from_port": 5432,
            "id": "sgr-0a6b271b1c19f090f",
            "ip_protocol": "tcp",
            "prefix_list_id": null,
            "referenced_security_group_id": null,
            "security_group_id": "sg-0b0eed2b18edcbfaa",
            "security_group_rule_id": "sgr-0a6b271b1c19f090f",
            "tags": null,
            "tags_all": {},
            "to_port": 5432
          },
          "sensitive_attributes": []
        }
      ]
    },
    {
      "mode": "managed",
      "type": "aws_vpc_security_group_ingress_rule",
      "name": "sgr_0a7504d3194184f9a",
      "provider": "provider[\"registry.terraform.io/hashicorp/aws\"]",
      "instances": [
        {
          "schema_version": 0,
          "attributes": {
            "arn": "arn:aws-us-gov:ec2:us-gov-west-1:050779347855:security-group-rule/sgr-0a7504d3194184f9a",
            "cidr_ipv4": "0.0.0.0/0",
            "cidr_ipv6": null,
            "description": null,
            "from_port": 80,
            "id": "sgr-0a7504d3194184f9a",
            "ip_protocol": "tcp",
            "prefix_list_id": null,
            "referenced_security_group_id": null,
            "security_group_id": "sg-0848e0e98be81d011",
            "security_group_rule_id": "sgr-0a7504d3194184f9a",
            "tags": null,
            "tags_all": {},
            "to_port": 80
          },
          "sensitive_attributes": []
        }
      ]
    },
    {
      "mode": "managed",
      "type": "aws_vpc_security_group_ingress_rule",
      "name": "sgr_0a994ca203165d7a6",
      "provider": "provider[\"registry.terraform.io/hashicorp/aws\"]",
      "instances": [
        {
          "schema_version": 0,
          "attributes": {
            "arn": "arn:aws-us-gov:ec2:us-gov-west-1:050779347855:security-group-rule/sgr-0a994ca203165d7a6",
            "cidr_ipv4": null,
            "cidr_ipv6": null,
            "description": null,
            "from_port": 443,
            "id": "sgr-0a994ca203165d7a6",
            "ip_protocol": "tcp",
            "prefix_list_id": null,
            "referenced_security_group_id": "sg-0ce67711c9eb8e894",
            "security_group_id": "sg-00a3f418f039eac2a",
            "security_group_rule_id": "sgr-0a994ca203165d7a6",
            "tags": null,
            "tags_all": {},
            "to_port": 443
          },
          "sensitive_attributes": []
        }
      ]
    },
    {
      "mode": "managed",
      "type": "aws_vpc_security_group_ingress_rule",
      "name": "sgr_0aab48ab12f6ed7d4",
      "provider": "provider[\"registry.terraform.io/hashicorp/aws\"]",
      "instances": [
        {
          "schema_version": 0,
          "attributes": {
            "arn": "arn:aws-us-gov:ec2:us-gov-west-1:050779347855:security-group-rule/sgr-0aab48ab12f6ed7d4",
            "cidr_ipv4": "10.21.0.0/16",
            "cidr_ipv6": null,
            "description": "HTTPS",
            "from_port": 443,
            "id": "sgr-0aab48ab12f6ed7d4",
            "ip_protocol": "tcp",
            "prefix_list_id": null,
            "referenced_security_group_id": null,
            "security_group_id": "sg-081ba48ae3370758b",
            "security_group_rule_id": "sgr-0aab48ab12f6ed7d4",
            "tags": null,
            "tags_all": {},
            "to_port": 443
          },
          "sensitive_attributes": []
        }
      ]
    },
    {
      "mode": "managed",
      "type": "aws_vpc_security_group_ingress_rule",
      "name": "sgr_0acabee0cf49baf9f",
      "provider": "provider[\"registry.terraform.io/hashicorp/aws\"]",
      "instances": [
        {
          "schema_version": 0,
          "attributes": {
            "arn": "arn:aws-us-gov:ec2:us-gov-west-1:050779347855:security-group-rule/sgr-0acabee0cf49baf9f",
            "cidr_ipv4": "10.21.0.0/16",
            "cidr_ipv6": null,
            "description": "MongoDB/DocumentDB access from within the VPC",
            "from_port": 27017,
            "id": "sgr-0acabee0cf49baf9f",
            "ip_protocol": "tcp",
            "prefix_list_id": null,
            "referenced_security_group_id": null,
            "security_group_id": "sg-0cb65ab88426db217",
            "security_group_rule_id": "sgr-0acabee0cf49baf9f",
            "tags": null,
            "tags_all": {},
            "to_port": 27017
          },
          "sensitive_attributes": []
        }
      ]
    },
    {
      "mode": "managed",
      "type": "aws_vpc_security_group_ingress_rule",
      "name": "sgr_0aeb83faa8fce7626",
      "provider": "provider[\"registry.terraform.io/hashicorp/aws\"]",
      "instances": [
        {
          "schema_version": 0,
          "attributes": {
            "arn": "arn:aws-us-gov:ec2:us-gov-west-1:050779347855:security-group-rule/sgr-0aeb83faa8fce7626",
            "cidr_ipv4": null,
            "cidr_ipv6": null,
            "description": null,
            "from_port": 80,
            "id": "sgr-0aeb83faa8fce7626",
            "ip_protocol": "tcp",
            "prefix_list_id": null,
            "referenced_security_group_id": "sg-07f009cc182a06a04",
            "security_group_id": "sg-0296b2368533e84a8",
            "security_group_rule_id": "sgr-0aeb83faa8fce7626",
            "tags": null,
            "tags_all": {},
            "to_port": 80
          },
          "sensitive_attributes": []
        }
      ]
    },
    {
      "mode": "managed",
      "type": "aws_vpc_security_group_ingress_rule",
      "name": "sgr_0af33e48f32b114f2",
      "provider": "provider[\"registry.terraform.io/hashicorp/aws\"]",
      "instances": [
        {
          "schema_version": 0,
          "attributes": {
            "arn": "arn:aws-us-gov:ec2:us-gov-west-1:050779347855:security-group-rule/sgr-0af33e48f32b114f2",
            "cidr_ipv4": "10.21.0.0/16",
            "cidr_ipv6": null,
            "description": null,
            "from_port": 80,
            "id": "sgr-0af33e48f32b114f2",
            "ip_protocol": "tcp",
            "prefix_list_id": null,
            "referenced_security_group_id": null,
            "security_group_id": "sg-00980b7da446e1fe7",
            "security_group_rule_id": "sgr-0af33e48f32b114f2",
            "tags": null,
            "tags_all": {},
            "to_port": 80
          },
          "sensitive_attributes": []
        }
      ]
    },
    {
      "mode": "managed",
      "type": "aws_vpc_security_group_ingress_rule",
      "name": "sgr_0af4611772d67dcaf",
      "provider": "provider[\"registry.terraform.io/hashicorp/aws\"]",
      "instances": [
        {
          "schema_version": 0,
          "attributes": {
            "arn": "arn:aws-us-gov:ec2:us-gov-west-1:050779347855:security-group-rule/sgr-0af4611772d67dcaf",
            "cidr_ipv4": "0.0.0.0/0",
            "cidr_ipv6": null,
            "description": null,
            "from_port": 80,
            "id": "sgr-0af4611772d67dcaf",
            "ip_protocol": "tcp",
            "prefix_list_id": null,
            "referenced_security_group_id": null,
            "security_group_id": "sg-0e07dcad269bc9148",
            "security_group_rule_id": "sgr-0af4611772d67dcaf",
            "tags": null,
            "tags_all": {},
            "to_port": 80
          },
          "sensitive_attributes": []
        }
      ]
    },
    {
      "mode": "managed",
      "type": "aws_vpc_security_group_ingress_rule",
      "name": "sgr_0b309380240ff264b",
      "provider": "provider[\"registry.terraform.io/hashicorp/aws\"]",
      "instances": [
        {
          "schema_version": 0,
          "attributes": {
            "arn": "arn:aws-us-gov:ec2:us-gov-west-1:050779347855:security-group-rule/sgr-0b309380240ff264b",
            "cidr_ipv4": "0.0.0.0/0",
            "cidr_ipv6": null,
            "description": null,
            "from_port": 443,
            "id": "sgr-0b309380240ff264b",
            "ip_protocol": "tcp",
            "prefix_list_id": null,
            "referenced_security_group_id": null,
            "security_group_id": "sg-0848e0e98be81d011",
            "security_group_rule_id": "sgr-0b309380240ff264b",
            "tags": null,
            "tags_all": {},
            "to_port": 443
          },
          "sensitive_attributes": []
        }
      ]
    },
    {
      "mode": "managed",
      "type": "aws_vpc_security_group_ingress_rule",
      "name": "sgr_0b4c947e2acd3ad28",
      "provider": "provider[\"registry.terraform.io/hashicorp/aws\"]",
      "instances": [
        {
          "schema_version": 0,
          "attributes": {
            "arn": "arn:aws-us-gov:ec2:us-gov-west-1:050779347855:security-group-rule/sgr-0b4c947e2acd3ad28",
            "cidr_ipv4": "76.247.70.53/32",
            "cidr_ipv6": null,
            "description": "Payal Pandey",
            "from_port": 22,
            "id": "sgr-0b4c947e2acd3ad28",
            "ip_protocol": "tcp",
            "prefix_list_id": null,
            "referenced_security_group_id": null,
            "security_group_id": "sg-085eb8e3a0fba2f92",
            "security_group_rule_id": "sgr-0b4c947e2acd3ad28",
            "tags": null,
            "tags_all": {},
            "to_port": 22
          },
          "sensitive_attributes": []
        }
      ]
    },
    {
      "mode": "managed",
      "type": "aws_vpc_security_group_ingress_rule",
      "name": "sgr_0b5238abef77d2678",
      "provider": "provider[\"registry.terraform.io/hashicorp/aws\"]",
      "instances": [
        {
          "schema_version": 0,
          "attributes": {
            "arn": "arn:aws-us-gov:ec2:us-gov-west-1:050779347855:security-group-rule/sgr-0b5238abef77d2678",
            "cidr_ipv4": null,
            "cidr_ipv6": "::/0",
            "description": "HTTP",
            "from_port": 80,
            "id": "sgr-0b5238abef77d2678",
            "ip_protocol": "tcp",
            "prefix_list_id": null,
            "referenced_security_group_id": null,
            "security_group_id": "sg-03365a1e4d5ef869d",
            "security_group_rule_id": "sgr-0b5238abef77d2678",
            "tags": null,
            "tags_all": {},
            "to_port": 80
          },
          "sensitive_attributes": []
        }
      ]
    },
    {
      "mode": "managed",
      "type": "aws_vpc_security_group_ingress_rule",
      "name": "sgr_0b6b83aea0ede04e0",
      "provider": "provider[\"registry.terraform.io/hashicorp/aws\"]",
      "instances": [
        {
          "schema_version": 0,
          "attributes": {
            "arn": "arn:aws-us-gov:ec2:us-gov-west-1:050779347855:security-group-rule/sgr-0b6b83aea0ede04e0",
            "cidr_ipv4": "172.30.0.0/16",
            "cidr_ipv6": null,
            "description": "Redis access from Original Production VPC",
            "from_port": 6379,
            "id": "sgr-0b6b83aea0ede04e0",
            "ip_protocol": "tcp",
            "prefix_list_id": null,
            "referenced_security_group_id": null,
            "security_group_id": "sg-0d25cb1fc58d097e9",
            "security_group_rule_id": "sgr-0b6b83aea0ede04e0",
            "tags": null,
            "tags_all": {},
            "to_port": 6379
          },
          "sensitive_attributes": []
        }
      ]
    },
    {
      "mode": "managed",
      "type": "aws_vpc_security_group_ingress_rule",
      "name": "sgr_0b76a292b45ee47f6",
      "provider": "provider[\"registry.terraform.io/hashicorp/aws\"]",
      "instances": [
        {
          "schema_version": 0,
          "attributes": {
            "arn": "arn:aws-us-gov:ec2:us-gov-west-1:050779347855:security-group-rule/sgr-0b76a292b45ee47f6",
            "cidr_ipv4": "10.21.0.0/16",
            "cidr_ipv6": null,
            "description": "Service port range",
            "from_port": 8200,
            "id": "sgr-0b76a292b45ee47f6",
            "ip_protocol": "tcp",
            "prefix_list_id": null,
            "referenced_security_group_id": null,
            "security_group_id": "sg-096a6ba8268eef3f6",
            "security_group_rule_id": "sgr-0b76a292b45ee47f6",
            "tags": null,
            "tags_all": {},
            "to_port": 8300
          },
          "sensitive_attributes": []
        }
      ]
    },
    {
      "mode": "managed",
      "type": "aws_vpc_security_group_ingress_rule",
      "name": "sgr_0b880c30f0a49f5e6",
      "provider": "provider[\"registry.terraform.io/hashicorp/aws\"]",
      "instances": [
        {
          "schema_version": 0,
          "attributes": {
            "arn": "arn:aws-us-gov:ec2:us-gov-west-1:050779347855:security-group-rule/sgr-0b880c30f0a49f5e6",
            "cidr_ipv4": null,
            "cidr_ipv6": null,
            "description": null,
            "from_port": 80,
            "id": "sgr-0b880c30f0a49f5e6",
            "ip_protocol": "tcp",
            "prefix_list_id": null,
            "referenced_security_group_id": "sg-01c091d8d9e740817",
            "security_group_id": "sg-026b3cb094746c939",
            "security_group_rule_id": "sgr-0b880c30f0a49f5e6",
            "tags": null,
            "tags_all": {},
            "to_port": 80
          },
          "sensitive_attributes": []
        }
      ]
    },
    {
      "mode": "managed",
      "type": "aws_vpc_security_group_ingress_rule",
      "name": "sgr_0bbd53ad9baa076a9",
      "provider": "provider[\"registry.terraform.io/hashicorp/aws\"]",
      "instances": [
        {
          "schema_version": 0,
          "attributes": {
            "arn": "arn:aws-us-gov:ec2:us-gov-west-1:050779347855:security-group-rule/sgr-0bbd53ad9baa076a9",
            "cidr_ipv4": null,
            "cidr_ipv6": null,
            "description": null,
            "from_port": 443,
            "id": "sgr-0bbd53ad9baa076a9",
            "ip_protocol": "tcp",
            "prefix_list_id": null,
            "referenced_security_group_id": "sg-006b0c4ba4ce0eed7",
            "security_group_id": "sg-091b35fd5feaac3d0",
            "security_group_rule_id": "sgr-0bbd53ad9baa076a9",
            "tags": null,
            "tags_all": {},
            "to_port": 443
          },
          "sensitive_attributes": []
        }
      ]
    },
    {
      "mode": "managed",
      "type": "aws_vpc_security_group_ingress_rule",
      "name": "sgr_0bc31708d7cf871f0",
      "provider": "provider[\"registry.terraform.io/hashicorp/aws\"]",
      "instances": [
        {
          "schema_version": 0,
          "attributes": {
            "arn": "arn:aws-us-gov:ec2:us-gov-west-1:050779347855:security-group-rule/sgr-0bc31708d7cf871f0",
            "cidr_ipv4": null,
            "cidr_ipv6": null,
            "description": null,
            "from_port": 443,
            "id": "sgr-0bc31708d7cf871f0",
            "ip_protocol": "tcp",
            "prefix_list_id": null,
            "referenced_security_group_id": "sg-0e3e058433a4793a7",
            "security_group_id": "sg-0615d31b0d6d092d3",
            "security_group_rule_id": "sgr-0bc31708d7cf871f0",
            "tags": null,
            "tags_all": {},
            "to_port": 443
          },
          "sensitive_attributes": []
        }
      ]
    },
    {
      "mode": "managed",
      "type": "aws_vpc_security_group_ingress_rule",
      "name": "sgr_0be6243aa03ebe8db",
      "provider": "provider[\"registry.terraform.io/hashicorp/aws\"]",
      "instances": [
        {
          "schema_version": 0,
          "attributes": {
            "arn": "arn:aws-us-gov:ec2:us-gov-west-1:050779347855:security-group-rule/sgr-0be6243aa03ebe8db",
            "cidr_ipv4": "0.0.0.0/0",
            "cidr_ipv6": null,
            "description": null,
            "from_port": 443,
            "id": "sgr-0be6243aa03ebe8db",
            "ip_protocol": "tcp",
            "prefix_list_id": null,
            "referenced_security_group_id": null,
            "security_group_id": "sg-07f009cc182a06a04",
            "security_group_rule_id": "sgr-0be6243aa03ebe8db",
            "tags": null,
            "tags_all": {},
            "to_port": 443
          },
          "sensitive_attributes": []
        }
      ]
    },
    {
      "mode": "managed",
      "type": "aws_vpc_security_group_ingress_rule",
      "name": "sgr_0c4d0872eec98dce1",
      "provider": "provider[\"registry.terraform.io/hashicorp/aws\"]",
      "instances": [
        {
          "schema_version": 0,
          "attributes": {
            "arn": "arn:aws-us-gov:ec2:us-gov-west-1:050779347855:security-group-rule/sgr-0c4d0872eec98dce1",
            "cidr_ipv4": null,
            "cidr_ipv6": null,
            "description": null,
            "from_port": 80,
            "id": "sgr-0c4d0872eec98dce1",
            "ip_protocol": "tcp",
            "prefix_list_id": null,
            "referenced_security_group_id": "sg-0a8d1d3a2d1effe5d",
            "security_group_id": "sg-0961642367dac1a13",
            "security_group_rule_id": "sgr-0c4d0872eec98dce1",
            "tags": null,
            "tags_all": {},
            "to_port": 80
          },
          "sensitive_attributes": []
        }
      ]
    },
    {
      "mode": "managed",
      "type": "aws_vpc_security_group_ingress_rule",
      "name": "sgr_0c831d549c877154e",
      "provider": "provider[\"registry.terraform.io/hashicorp/aws\"]",
      "instances": [
        {
          "schema_version": 0,
          "attributes": {
            "arn": "arn:aws-us-gov:ec2:us-gov-west-1:050779347855:security-group-rule/sgr-0c831d549c877154e",
            "cidr_ipv4": "172.30.0.0/16",
            "cidr_ipv6": null,
            "description": "HTTPS from Original Production VPC",
            "from_port": 443,
            "id": "sgr-0c831d549c877154e",
            "ip_protocol": "tcp",
            "prefix_list_id": null,
            "referenced_security_group_id": null,
            "security_group_id": "sg-081ba48ae3370758b",
            "security_group_rule_id": "sgr-0c831d549c877154e",
            "tags": null,
            "tags_all": {},
            "to_port": 443
          },
          "sensitive_attributes": []
        }
      ]
    },
    {
      "mode": "managed",
      "type": "aws_vpc_security_group_ingress_rule",
      "name": "sgr_0c8aab7cd39712670",
      "provider": "provider[\"registry.terraform.io/hashicorp/aws\"]",
      "instances": [
        {
          "schema_version": 0,
          "attributes": {
            "arn": "arn:aws-us-gov:ec2:us-gov-west-1:050779347855:security-group-rule/sgr-0c8aab7cd39712670",
            "cidr_ipv4": "10.21.0.0/16",
            "cidr_ipv6": null,
            "description": "Spring Cloud Config Server",
            "from_port": 8888,
            "id": "sgr-0c8aab7cd39712670",
            "ip_protocol": "tcp",
            "prefix_list_id": null,
            "referenced_security_group_id": null,
            "security_group_id": "sg-096a6ba8268eef3f6",
            "security_group_rule_id": "sgr-0c8aab7cd39712670",
            "tags": null,
            "tags_all": {},
            "to_port": 8888
          },
          "sensitive_attributes": []
        }
      ]
    },
    {
      "mode": "managed",
      "type": "aws_vpc_security_group_ingress_rule",
      "name": "sgr_0ca445027f1d28cf6",
      "provider": "provider[\"registry.terraform.io/hashicorp/aws\"]",
      "instances": [
        {
          "schema_version": 0,
          "attributes": {
            "arn": "arn:aws-us-gov:ec2:us-gov-west-1:050779347855:security-group-rule/sgr-0ca445027f1d28cf6",
            "cidr_ipv4": "10.21.0.0/16",
            "cidr_ipv6": null,
            "description": "Postgresql access from within the VPC",
            "from_port": 5432,
            "id": "sgr-0ca445027f1d28cf6",
            "ip_protocol": "tcp",
            "prefix_list_id": null,
            "referenced_security_group_id": null,
            "security_group_id": "sg-0b0eed2b18edcbfaa",
            "security_group_rule_id": "sgr-0ca445027f1d28cf6",
            "tags": null,
            "tags_all": {},
            "to_port": 5432
          },
          "sensitive_attributes": []
        }
      ]
    },
    {
      "mode": "managed",
      "type": "aws_vpc_security_group_ingress_rule",
      "name": "sgr_0ccfe55cc2f589704",
      "provider": "provider[\"registry.terraform.io/hashicorp/aws\"]",
      "instances": [
        {
          "schema_version": 0,
          "attributes": {
            "arn": "arn:aws-us-gov:ec2:us-gov-west-1:050779347855:security-group-rule/sgr-0ccfe55cc2f589704",
            "cidr_ipv4": null,
            "cidr_ipv6": null,
            "description": null,
            "from_port": 80,
            "id": "sgr-0ccfe55cc2f589704",
            "ip_protocol": "tcp",
            "prefix_list_id": null,
            "referenced_security_group_id": "sg-0e3e058433a4793a7",
            "security_group_id": "sg-0615d31b0d6d092d3",
            "security_group_rule_id": "sgr-0ccfe55cc2f589704",
            "tags": null,
            "tags_all": {},
            "to_port": 80
          },
          "sensitive_attributes": []
        }
      ]
    },
    {
      "mode": "managed",
      "type": "aws_vpc_security_group_ingress_rule",
      "name": "sgr_0ce4c0a236bf35a32",
      "provider": "provider[\"registry.terraform.io/hashicorp/aws\"]",
      "instances": [
        {
          "schema_version": 0,
          "attributes": {
            "arn": "arn:aws-us-gov:ec2:us-gov-west-1:050779347855:security-group-rule/sgr-0ce4c0a236bf35a32",
            "cidr_ipv4": "76.247.70.53/32",
            "cidr_ipv6": null,
            "description": "Payal Pandey - Home",
            "from_port": 22,
            "id": "sgr-0ce4c0a236bf35a32",
            "ip_protocol": "tcp",
            "prefix_list_id": null,
            "referenced_security_group_id": null,
            "security_group_id": "sg-0313ffdf68606e618",
            "security_group_rule_id": "sgr-0ce4c0a236bf35a32",
            "tags": null,
            "tags_all": {},
            "to_port": 22
          },
          "sensitive_attributes": []
        }
      ]
    },
    {
      "mode": "managed",
      "type": "aws_vpc_security_group_ingress_rule",
      "name": "sgr_0d17b3959d78b0b8b",
      "provider": "provider[\"registry.terraform.io/hashicorp/aws\"]",
      "instances": [
        {
          "schema_version": 0,
          "attributes": {
            "arn": "arn:aws-us-gov:ec2:us-gov-west-1:050779347855:security-group-rule/sgr-0d17b3959d78b0b8b",
            "cidr_ipv4": "10.21.0.0/16",
            "cidr_ipv6": null,
            "description": null,
            "from_port": 80,
            "id": "sgr-0d17b3959d78b0b8b",
            "ip_protocol": "tcp",
            "prefix_list_id": null,
            "referenced_security_group_id": null,
            "security_group_id": "sg-091b35fd5feaac3d0",
            "security_group_rule_id": "sgr-0d17b3959d78b0b8b",
            "tags": null,
            "tags_all": {},
            "to_port": 80
          },
          "sensitive_attributes": []
        }
      ]
    },
    {
      "mode": "managed",
      "type": "aws_vpc_security_group_ingress_rule",
      "name": "sgr_0d63e0082d4fd75a6",
      "provider": "provider[\"registry.terraform.io/hashicorp/aws\"]",
      "instances": [
        {
          "schema_version": 0,
          "attributes": {
            "arn": "arn:aws-us-gov:ec2:us-gov-west-1:050779347855:security-group-rule/sgr-0d63e0082d4fd75a6",
            "cidr_ipv4": null,
            "cidr_ipv6": null,
            "description": null,
            "from_port": 443,
            "id": "sgr-0d63e0082d4fd75a6",
            "ip_protocol": "tcp",
            "prefix_list_id": null,
            "referenced_security_group_id": "sg-07f009cc182a06a04",
            "security_group_id": "sg-0296b2368533e84a8",
            "security_group_rule_id": "sgr-0d63e0082d4fd75a6",
            "tags": null,
            "tags_all": {},
            "to_port": 443
          },
          "sensitive_attributes": []
        }
      ]
    },
    {
      "mode": "managed",
      "type": "aws_vpc_security_group_ingress_rule",
      "name": "sgr_0d7e3bb612a104501",
      "provider": "provider[\"registry.terraform.io/hashicorp/aws\"]",
      "instances": [
        {
          "schema_version": 0,
          "attributes": {
            "arn": "arn:aws-us-gov:ec2:us-gov-west-1:050779347855:security-group-rule/sgr-0d7e3bb612a104501",
            "cidr_ipv4": null,
            "cidr_ipv6": null,
            "description": null,
            "from_port": 80,
            "id": "sgr-0d7e3bb612a104501",
            "ip_protocol": "tcp",
            "prefix_list_id": null,
            "referenced_security_group_id": "sg-006b0c4ba4ce0eed7",
            "security_group_id": "sg-091b35fd5feaac3d0",
            "security_group_rule_id": "sgr-0d7e3bb612a104501",
            "tags": null,
            "tags_all": {},
            "to_port": 80
          },
          "sensitive_attributes": []
        }
      ]
    },
    {
      "mode": "managed",
      "type": "aws_vpc_security_group_ingress_rule",
      "name": "sgr_0dcf6a7f0de5425f9",
      "provider": "provider[\"registry.terraform.io/hashicorp/aws\"]",
      "instances": [
        {
          "schema_version": 0,
          "attributes": {
            "arn": "arn:aws-us-gov:ec2:us-gov-west-1:050779347855:security-group-rule/sgr-0dcf6a7f0de5425f9",
            "cidr_ipv4": null,
            "cidr_ipv6": null,
            "description": null,
            "from_port": 80,
            "id": "sgr-0dcf6a7f0de5425f9",
            "ip_protocol": "tcp",
            "prefix_list_id": null,
            "referenced_security_group_id": "sg-0848e0e98be81d011",
            "security_group_id": "sg-0d799b653c4043218",
            "security_group_rule_id": "sgr-0dcf6a7f0de5425f9",
            "tags": null,
            "tags_all": {},
            "to_port": 80
          },
          "sensitive_attributes": []
        }
      ]
    },
    {
      "mode": "managed",
      "type": "aws_vpc_security_group_ingress_rule",
      "name": "sgr_0dd87dba00b7b0076",
      "provider": "provider[\"registry.terraform.io/hashicorp/aws\"]",
      "instances": [
        {
          "schema_version": 0,
          "attributes": {
            "arn": "arn:aws-us-gov:ec2:us-gov-west-1:050779347855:security-group-rule/sgr-0dd87dba00b7b0076",
            "cidr_ipv4": "0.0.0.0/0",
            "cidr_ipv6": null,
            "description": null,
            "from_port": 80,
            "id": "sgr-0dd87dba00b7b0076",
            "ip_protocol": "tcp",
            "prefix_list_id": null,
            "referenced_security_group_id": null,
            "security_group_id": "sg-07f009cc182a06a04",
            "security_group_rule_id": "sgr-0dd87dba00b7b0076",
            "tags": null,
            "tags_all": {},
            "to_port": 80
          },
          "sensitive_attributes": []
        }
      ]
    },
    {
      "mode": "managed",
      "type": "aws_vpc_security_group_ingress_rule",
      "name": "sgr_0de6986e53e7a2698",
      "provider": "provider[\"registry.terraform.io/hashicorp/aws\"]",
      "instances": [
        {
          "schema_version": 0,
          "attributes": {
            "arn": "arn:aws-us-gov:ec2:us-gov-west-1:050779347855:security-group-rule/sgr-0de6986e53e7a2698",
            "cidr_ipv4": "10.21.0.0/16",
            "cidr_ipv6": null,
            "description": "Internal SSH",
            "from_port": 22,
            "id": "sgr-0de6986e53e7a2698",
            "ip_protocol": "tcp",
            "prefix_list_id": null,
            "referenced_security_group_id": null,
            "security_group_id": "sg-0664cb51cf00919ed",
            "security_group_rule_id": "sgr-0de6986e53e7a2698",
            "tags": null,
            "tags_all": {},
            "to_port": 22
          },
          "sensitive_attributes": []
        }
      ]
    },
    {
      "mode": "managed",
      "type": "aws_vpc_security_group_ingress_rule",
      "name": "sgr_0dec3a8bbbee730d3",
      "provider": "provider[\"registry.terraform.io/hashicorp/aws\"]",
      "instances": [
        {
          "schema_version": 0,
          "attributes": {
            "arn": "arn:aws-us-gov:ec2:us-gov-west-1:050779347855:security-group-rule/sgr-0dec3a8bbbee730d3",
            "cidr_ipv4": "0.0.0.0/0",
            "cidr_ipv6": null,
            "description": "HTTPS",
            "from_port": 443,
            "id": "sgr-0dec3a8bbbee730d3",
            "ip_protocol": "tcp",
            "prefix_list_id": null,
            "referenced_security_group_id": null,
            "security_group_id": "sg-06d03510b3f32b683",
            "security_group_rule_id": "sgr-0dec3a8bbbee730d3",
            "tags": null,
            "tags_all": {},
            "to_port": 443
          },
          "sensitive_attributes": []
        }
      ]
    },
    {
      "mode": "managed",
      "type": "aws_vpc_security_group_ingress_rule",
      "name": "sgr_0e0057ee901c8b10c",
      "provider": "provider[\"registry.terraform.io/hashicorp/aws\"]",
      "instances": [
        {
          "schema_version": 0,
          "attributes": {
            "arn": "arn:aws-us-gov:ec2:us-gov-west-1:050779347855:security-group-rule/sgr-0e0057ee901c8b10c",
            "cidr_ipv4": null,
            "cidr_ipv6": null,
            "description": null,
            "from_port": 443,
            "id": "sgr-0e0057ee901c8b10c",
            "ip_protocol": "tcp",
            "prefix_list_id": null,
            "referenced_security_group_id": "sg-0e3da0334f6f1024d",
            "security_group_id": "sg-034a6ff43d0aa2770",
            "security_group_rule_id": "sgr-0e0057ee901c8b10c",
            "tags": null,
            "tags_all": {},
            "to_port": 443
          },
          "sensitive_attributes": []
        }
      ]
    },
    {
      "mode": "managed",
      "type": "aws_vpc_security_group_ingress_rule",
      "name": "sgr_0e3333eb14ae29f92",
      "provider": "provider[\"registry.terraform.io/hashicorp/aws\"]",
      "instances": [
        {
          "schema_version": 0,
          "attributes": {
            "arn": "arn:aws-us-gov:ec2:us-gov-west-1:050779347855:security-group-rule/sgr-0e3333eb14ae29f92",
            "cidr_ipv4": null,
            "cidr_ipv6": null,
            "description": null,
            "from_port": 443,
            "id": "sgr-0e3333eb14ae29f92",
            "ip_protocol": "tcp",
            "prefix_list_id": null,
            "referenced_security_group_id": "sg-0e07dcad269bc9148",
            "security_group_id": "sg-0abf393744a38edb1",
            "security_group_rule_id": "sgr-0e3333eb14ae29f92",
            "tags": null,
            "tags_all": {},
            "to_port": 443
          },
          "sensitive_attributes": []
        }
      ]
    },
    {
      "mode": "managed",
      "type": "aws_vpc_security_group_ingress_rule",
      "name": "sgr_0e6450c431a2fb3a9",
      "provider": "provider[\"registry.terraform.io/hashicorp/aws\"]",
      "instances": [
        {
          "schema_version": 0,
          "attributes": {
            "arn": "arn:aws-us-gov:ec2:us-gov-west-1:050779347855:security-group-rule/sgr-0e6450c431a2fb3a9",
            "cidr_ipv4": null,
            "cidr_ipv6": null,
            "description": null,
            "from_port": 80,
            "id": "sgr-0e6450c431a2fb3a9",
            "ip_protocol": "tcp",
            "prefix_list_id": null,
            "referenced_security_group_id": "sg-02b8e9f6f4fa195b6",
            "security_group_id": "sg-0f5539d3e349bae63",
            "security_group_rule_id": "sgr-0e6450c431a2fb3a9",
            "tags": null,
            "tags_all": {},
            "to_port": 80
          },
          "sensitive_attributes": []
        }
      ]
    },
    {
      "mode": "managed",
      "type": "aws_vpc_security_group_ingress_rule",
      "name": "sgr_0e7f46f44e9e14244",
      "provider": "provider[\"registry.terraform.io/hashicorp/aws\"]",
      "instances": [
        {
          "schema_version": 0,
          "attributes": {
            "arn": "arn:aws-us-gov:ec2:us-gov-west-1:050779347855:security-group-rule/sgr-0e7f46f44e9e14244",
            "cidr_ipv4": "10.21.0.0/16",
            "cidr_ipv6": null,
            "description": "X-Ray daemon",
            "from_port": 2000,
            "id": "sgr-0e7f46f44e9e14244",
            "ip_protocol": "udp",
            "prefix_list_id": null,
            "referenced_security_group_id": null,
            "security_group_id": "sg-096a6ba8268eef3f6",
            "security_group_rule_id": "sgr-0e7f46f44e9e14244",
            "tags": null,
            "tags_all": {},
            "to_port": 2000
          },
          "sensitive_attributes": []
        }
      ]
    },
    {
      "mode": "managed",
      "type": "aws_vpc_security_group_ingress_rule",
      "name": "sgr_0e957669ee730a1d4",
      "provider": "provider[\"registry.terraform.io/hashicorp/aws\"]",
      "instances": [
        {
          "schema_version": 0,
          "attributes": {
            "arn": "arn:aws-us-gov:ec2:us-gov-west-1:050779347855:security-group-rule/sgr-0e957669ee730a1d4",
            "cidr_ipv4": "0.0.0.0/0",
            "cidr_ipv6": null,
            "description": null,
            "from_port": 443,
            "id": "sgr-0e957669ee730a1d4",
            "ip_protocol": "tcp",
            "prefix_list_id": null,
            "referenced_security_group_id": null,
            "security_group_id": "sg-0e3da0334f6f1024d",
            "security_group_rule_id": "sgr-0e957669ee730a1d4",
            "tags": null,
            "tags_all": {},
            "to_port": 443
          },
          "sensitive_attributes": []
        }
      ]
    },
    {
      "mode": "managed",
      "type": "aws_vpc_security_group_ingress_rule",
      "name": "sgr_0eaaec56395d6a8f2",
      "provider": "provider[\"registry.terraform.io/hashicorp/aws\"]",
      "instances": [
        {
          "schema_version": 0,
          "attributes": {
            "arn": "arn:aws-us-gov:ec2:us-gov-west-1:050779347855:security-group-rule/sgr-0eaaec56395d6a8f2",
            "cidr_ipv4": "0.0.0.0/0",
            "cidr_ipv6": null,
            "description": "HTTPS",
            "from_port": 443,
            "id": "sgr-0eaaec56395d6a8f2",
            "ip_protocol": "tcp",
            "prefix_list_id": null,
            "referenced_security_group_id": null,
            "security_group_id": "sg-0cc77f2002d2d75ac",
            "security_group_rule_id": "sgr-0eaaec56395d6a8f2",
            "tags": null,
            "tags_all": {},
            "to_port": 443
          },
          "sensitive_attributes": []
        }
      ]
    },
    {
      "mode": "managed",
      "type": "aws_vpc_security_group_ingress_rule",
      "name": "sgr_0eb3de712ec423624",
      "provider": "provider[\"registry.terraform.io/hashicorp/aws\"]",
      "instances": [
        {
          "schema_version": 0,
          "attributes": {
            "arn": "arn:aws-us-gov:ec2:us-gov-west-1:050779347855:security-group-rule/sgr-0eb3de712ec423624",
            "cidr_ipv4": null,
            "cidr_ipv6": null,
            "description": null,
            "from_port": 80,
            "id": "sgr-0eb3de712ec423624",
            "ip_protocol": "tcp",
            "prefix_list_id": null,
            "referenced_security_group_id": "sg-0ce67711c9eb8e894",
            "security_group_id": "sg-00a3f418f039eac2a",
            "security_group_rule_id": "sgr-0eb3de712ec423624",
            "tags": null,
            "tags_all": {},
            "to_port": 80
          },
          "sensitive_attributes": []
        }
      ]
    },
    {
      "mode": "managed",
      "type": "aws_vpc_security_group_ingress_rule",
      "name": "sgr_0ec0789d00a59b9aa",
      "provider": "provider[\"registry.terraform.io/hashicorp/aws\"]",
      "instances": [
        {
          "schema_version": 0,
          "attributes": {
            "arn": "arn:aws-us-gov:ec2:us-gov-west-1:050779347855:security-group-rule/sgr-0ec0789d00a59b9aa",
            "cidr_ipv4": "0.0.0.0/0",
            "cidr_ipv6": null,
            "description": null,
            "from_port": 80,
            "id": "sgr-0ec0789d00a59b9aa",
            "ip_protocol": "tcp",
            "prefix_list_id": null,
            "referenced_security_group_id": null,
            "security_group_id": "sg-0a8d1d3a2d1effe5d",
            "security_group_rule_id": "sgr-0ec0789d00a59b9aa",
            "tags": null,
            "tags_all": {},
            "to_port": 80
          },
          "sensitive_attributes": []
        }
      ]
    },
    {
      "mode": "managed",
      "type": "aws_vpc_security_group_ingress_rule",
      "name": "sgr_0efe5792b5bdd16a1",
      "provider": "provider[\"registry.terraform.io/hashicorp/aws\"]",
      "instances": [
        {
          "schema_version": 0,
          "attributes": {
            "arn": "arn:aws-us-gov:ec2:us-gov-west-1:050779347855:security-group-rule/sgr-0efe5792b5bdd16a1",
            "cidr_ipv4": null,
            "cidr_ipv6": null,
            "description": null,
            "from_port": 80,
            "id": "sgr-0efe5792b5bdd16a1",
            "ip_protocol": "tcp",
            "prefix_list_id": null,
            "referenced_security_group_id": "sg-0e07dcad269bc9148",
            "security_group_id": "sg-0abf393744a38edb1",
            "security_group_rule_id": "sgr-0efe5792b5bdd16a1",
            "tags": null,
            "tags_all": {},
            "to_port": 80
          },
          "sensitive_attributes": []
        }
      ]
    },
    {
      "mode": "managed",
      "type": "aws_vpc_security_group_ingress_rule",
      "name": "sgr_0f159c89ba3d30e70",
      "provider": "provider[\"registry.terraform.io/hashicorp/aws\"]",
      "instances": [
        {
          "schema_version": 0,
          "attributes": {
            "arn": "arn:aws-us-gov:ec2:us-gov-west-1:050779347855:security-group-rule/sgr-0f159c89ba3d30e70",
            "cidr_ipv4": null,
            "cidr_ipv6": null,
            "description": null,
            "from_port": 80,
            "id": "sgr-0f159c89ba3d30e70",
            "ip_protocol": "tcp",
            "prefix_list_id": null,
            "referenced_security_group_id": "sg-05b689cdd90002026",
            "security_group_id": "sg-08a68e02fea2591df",
            "security_group_rule_id": "sgr-0f159c89ba3d30e70",
            "tags": null,
            "tags_all": {},
            "to_port": 80
          },
          "sensitive_attributes": []
        }
      ]
    },
    {
      "mode": "managed",
      "type": "aws_vpc_security_group_ingress_rule",
      "name": "sgr_0f42c90e79fa0adaa",
      "provider": "provider[\"registry.terraform.io/hashicorp/aws\"]",
      "instances": [
        {
          "schema_version": 0,
          "attributes": {
            "arn": "arn:aws-us-gov:ec2:us-gov-west-1:050779347855:security-group-rule/sgr-0f42c90e79fa0adaa",
            "cidr_ipv4": "136.49.26.165/32",
            "cidr_ipv6": null,
            "description": "David Venable - Home",
            "from_port": 22,
            "id": "sgr-0f42c90e79fa0adaa",
            "ip_protocol": "tcp",
            "prefix_list_id": null,
            "referenced_security_group_id": null,
            "security_group_id": "sg-0313ffdf68606e618",
            "security_group_rule_id": "sgr-0f42c90e79fa0adaa",
            "tags": null,
            "tags_all": {},
            "to_port": 22
          },
          "sensitive_attributes": []
        }
      ]
    },
    {
      "mode": "managed",
      "type": "aws_vpc_security_group_ingress_rule",
      "name": "sgr_0fdeb715527a85b04",
      "provider": "provider[\"registry.terraform.io/hashicorp/aws\"]",
      "instances": [
        {
          "schema_version": 0,
          "attributes": {
            "arn": "arn:aws-us-gov:ec2:us-gov-west-1:050779347855:security-group-rule/sgr-0fdeb715527a85b04",
            "cidr_ipv4": null,
            "cidr_ipv6": null,
            "description": null,
            "from_port": 80,
            "id": "sgr-0fdeb715527a85b04",
            "ip_protocol": "tcp",
            "prefix_list_id": null,
            "referenced_security_group_id": "sg-0b827258e3f0559d8",
            "security_group_id": "sg-0c57e293d12c4ba08",
            "security_group_rule_id": "sgr-0fdeb715527a85b04",
            "tags": null,
            "tags_all": {},
            "to_port": 80
          },
          "sensitive_attributes": []
        }
      ]
    }
  ],
  "check_results": null
}
