{
  "version": 4,
  "terraform_version": "1.3.6",
  "serial": 2,
  "lineage": "",
  "outputs": {},
  "resources": [
    {
      "mode": "managed",
      "type": "aws_cloudwatch_log_group",
      "name": "API_Gateway_Execution_Logs_m3u7aza1eh_production",
      "provider": "provider[\"registry.terraform.io/hashicorp/aws\"]",
      "instances": [
        {
          "schema_version": 0,
          "attributes": {
            "arn": "arn:aws-us-gov:logs:us-gov-west-1:050779347855:log-group:API-Gateway-Execution-Logs_m3u7aza1eh/production",
            "id": "API-Gateway-Execution-Logs_m3u7aza1eh/production",
            "kms_key_id": "",
            "name": "API-Gateway-Execution-Logs_m3u7aza1eh/production",
            "name_prefix": "",
            "retention_in_days": 0,
            "skip_destroy": null,
            "tags": {},
            "tags_all": {}
          },
          "sensitive_attributes": []
        }
      ]
    },
    {
      "mode": "managed",
      "type": "aws_cloudwatch_log_group",
      "name": "DeveloperToolsVpcFlowLogs",
      "provider": "provider[\"registry.terraform.io/hashicorp/aws\"]",
      "instances": [
        {
          "schema_version": 0,
          "attributes": {
            "arn": "arn:aws-us-gov:logs:us-gov-west-1:050779347855:log-group:DeveloperToolsVpcFlowLogs",
            "id": "DeveloperToolsVpcFlowLogs",
            "kms_key_id": "",
            "name": "DeveloperToolsVpcFlowLogs",
            "name_prefix": "",
            "retention_in_days": 14,
            "skip_destroy": null,
            "tags": {},
            "tags_all": {}
          },
          "sensitive_attributes": []
        }
      ]
    },
    {
      "mode": "managed",
      "type": "aws_cloudwatch_log_group",
      "name": "ProductionVPCFlowLogs",
      "provider": "provider[\"registry.terraform.io/hashicorp/aws\"]",
      "instances": [
        {
          "schema_version": 0,
          "attributes": {
            "arn": "arn:aws-us-gov:logs:us-gov-west-1:050779347855:log-group:ProductionVPCFlowLogs",
            "id": "ProductionVPCFlowLogs",
            "kms_key_id": "",
            "name": "ProductionVPCFlowLogs",
            "name_prefix": "",
            "retention_in_days": 30,
            "skip_destroy": null,
            "tags": {},
            "tags_all": {}
          },
          "sensitive_attributes": []
        }
      ]
    },
    {
      "mode": "managed",
      "type": "aws_cloudwatch_log_group",
      "name": "RDSOSMetrics",
      "provider": "provider[\"registry.terraform.io/hashicorp/aws\"]",
      "instances": [
        {
          "schema_version": 0,
          "attributes": {
            "arn": "arn:aws-us-gov:logs:us-gov-west-1:050779347855:log-group:RDSOSMetrics",
            "id": "RDSOSMetrics",
            "kms_key_id": "",
            "name": "RDSOSMetrics",
            "name_prefix": "",
            "retention_in_days": 30,
            "skip_destroy": null,
            "tags": {},
            "tags_all": {}
          },
          "sensitive_attributes": []
        }
      ]
    },
    {
      "mode": "managed",
      "type": "aws_cloudwatch_log_group",
      "name": "ThirdPartyVpcFlowLogs",
      "provider": "provider[\"registry.terraform.io/hashicorp/aws\"]",
      "instances": [
        {
          "schema_version": 0,
          "attributes": {
            "arn": "arn:aws-us-gov:logs:us-gov-west-1:050779347855:log-group:ThirdPartyVpcFlowLogs",
            "id": "ThirdPartyVpcFlowLogs",
            "kms_key_id": "",
            "name": "ThirdPartyVpcFlowLogs",
            "name_prefix": "",
            "retention_in_days": 14,
            "skip_destroy": null,
            "tags": {},
            "tags_all": {}
          },
          "sensitive_attributes": []
        }
      ]
    },
    {
      "mode": "managed",
      "type": "aws_cloudwatch_log_group",
      "name": "_aws_OpenSearchService_domains_shared_01_application_logs",
      "provider": "provider[\"registry.terraform.io/hashicorp/aws\"]",
      "instances": [
        {
          "schema_version": 0,
          "attributes": {
            "arn": "arn:aws-us-gov:logs:us-gov-west-1:050779347855:log-group:/aws/OpenSearchService/domains/shared-01/application-logs",
            "id": "/aws/OpenSearchService/domains/shared-01/application-logs",
            "kms_key_id": "",
            "name": "/aws/OpenSearchService/domains/shared-01/application-logs",
            "name_prefix": "",
            "retention_in_days": 0,
            "skip_destroy": null,
            "tags": {},
            "tags_all": {}
          },
          "sensitive_attributes": []
        }
      ]
    },
    {
      "mode": "managed",
      "type": "aws_cloudwatch_log_group",
      "name": "_aws_apigateway_welcome",
      "provider": "provider[\"registry.terraform.io/hashicorp/aws\"]",
      "instances": [
        {
          "schema_version": 0,
          "attributes": {
            "arn": "arn:aws-us-gov:logs:us-gov-west-1:050779347855:log-group:/aws/apigateway/welcome",
            "id": "/aws/apigateway/welcome",
            "kms_key_id": "",
            "name": "/aws/apigateway/welcome",
            "name_prefix": "",
            "retention_in_days": 0,
            "skip_destroy": null,
            "tags": {},
            "tags_all": {}
          },
          "sensitive_attributes": []
        }
      ]
    },
    {
      "mode": "managed",
      "type": "aws_cloudwatch_log_group",
      "name": "_aws_ecs_containerinsights_production_performance",
      "provider": "provider[\"registry.terraform.io/hashicorp/aws\"]",
      "instances": [
        {
          "schema_version": 0,
          "attributes": {
            "arn": "arn:aws-us-gov:logs:us-gov-west-1:050779347855:log-group:/aws/ecs/containerinsights/production/performance",
            "id": "/aws/ecs/containerinsights/production/performance",
            "kms_key_id": "",
            "name": "/aws/ecs/containerinsights/production/performance",
            "name_prefix": "",
            "retention_in_days": 1,
            "skip_destroy": null,
            "tags": {},
            "tags_all": {}
          },
          "sensitive_attributes": []
        }
      ]
    },
    {
      "mode": "managed",
      "type": "aws_cloudwatch_log_group",
      "name": "_aws_elasticbeanstalk_book_service_blue_var_log_dmesg",
      "provider": "provider[\"registry.terraform.io/hashicorp/aws\"]",
      "instances": [
        {
          "schema_version": 0,
          "attributes": {
            "arn": "arn:aws-us-gov:logs:us-gov-west-1:050779347855:log-group:/aws/elasticbeanstalk/book-service-blue/var/log/dmesg",
            "id": "/aws/elasticbeanstalk/book-service-blue/var/log/dmesg",
            "kms_key_id": "",
            "name": "/aws/elasticbeanstalk/book-service-blue/var/log/dmesg",
            "name_prefix": "",
            "retention_in_days": 0,
            "skip_destroy": null,
            "tags": {},
            "tags_all": {}
          },
          "sensitive_attributes": []
        }
      ]
    },
    {
      "mode": "managed",
      "type": "aws_cloudwatch_log_group",
      "name": "_aws_elasticbeanstalk_book_service_blue_var_log_messages",
      "provider": "provider[\"registry.terraform.io/hashicorp/aws\"]",
      "instances": [
        {
          "schema_version": 0,
          "attributes": {
            "arn": "arn:aws-us-gov:logs:us-gov-west-1:050779347855:log-group:/aws/elasticbeanstalk/book-service-blue/var/log/messages",
            "id": "/aws/elasticbeanstalk/book-service-blue/var/log/messages",
            "kms_key_id": "",
            "name": "/aws/elasticbeanstalk/book-service-blue/var/log/messages",
            "name_prefix": "",
            "retention_in_days": 0,
            "skip_destroy": null,
            "tags": {},
            "tags_all": {}
          },
          "sensitive_attributes": []
        }
      ]
    },
    {
      "mode": "managed",
      "type": "aws_cloudwatch_log_group",
      "name": "_aws_elasticbeanstalk_book_service_green_var_log_dmesg",
      "provider": "provider[\"registry.terraform.io/hashicorp/aws\"]",
      "instances": [
        {
          "schema_version": 0,
          "attributes": {
            "arn": "arn:aws-us-gov:logs:us-gov-west-1:050779347855:log-group:/aws/elasticbeanstalk/book-service-green/var/log/dmesg",
            "id": "/aws/elasticbeanstalk/book-service-green/var/log/dmesg",
            "kms_key_id": "",
            "name": "/aws/elasticbeanstalk/book-service-green/var/log/dmesg",
            "name_prefix": "",
            "retention_in_days": 0,
            "skip_destroy": null,
            "tags": {},
            "tags_all": {}
          },
          "sensitive_attributes": []
        }
      ]
    },
    {
      "mode": "managed",
      "type": "aws_cloudwatch_log_group",
      "name": "_aws_elasticbeanstalk_book_service_green_var_log_messages",
      "provider": "provider[\"registry.terraform.io/hashicorp/aws\"]",
      "instances": [
        {
          "schema_version": 0,
          "attributes": {
            "arn": "arn:aws-us-gov:logs:us-gov-west-1:050779347855:log-group:/aws/elasticbeanstalk/book-service-green/var/log/messages",
            "id": "/aws/elasticbeanstalk/book-service-green/var/log/messages",
            "kms_key_id": "",
            "name": "/aws/elasticbeanstalk/book-service-green/var/log/messages",
            "name_prefix": "",
            "retention_in_days": 0,
            "skip_destroy": null,
            "tags": {},
            "tags_all": {}
          },
          "sensitive_attributes": []
        }
      ]
    },
    {
      "mode": "managed",
      "type": "aws_cloudwatch_log_group",
      "name": "_aws_elasticbeanstalk_capillary_web_ui_gateway_blue_var_log_dmesg",
      "provider": "provider[\"registry.terraform.io/hashicorp/aws\"]",
      "instances": [
        {
          "schema_version": 0,
          "attributes": {
            "arn": "arn:aws-us-gov:logs:us-gov-west-1:050779347855:log-group:/aws/elasticbeanstalk/capillary-web-ui-gateway-blue/var/log/dmesg",
            "id": "/aws/elasticbeanstalk/capillary-web-ui-gateway-blue/var/log/dmesg",
            "kms_key_id": "",
            "name": "/aws/elasticbeanstalk/capillary-web-ui-gateway-blue/var/log/dmesg",
            "name_prefix": "",
            "retention_in_days": 0,
            "skip_destroy": null,
            "tags": {},
            "tags_all": {}
          },
          "sensitive_attributes": []
        }
      ]
    },
    {
      "mode": "managed",
      "type": "aws_cloudwatch_log_group",
      "name": "_aws_elasticbeanstalk_capillary_web_ui_gateway_blue_var_log_messages",
      "provider": "provider[\"registry.terraform.io/hashicorp/aws\"]",
      "instances": [
        {
          "schema_version": 0,
          "attributes": {
            "arn": "arn:aws-us-gov:logs:us-gov-west-1:050779347855:log-group:/aws/elasticbeanstalk/capillary-web-ui-gateway-blue/var/log/messages",
            "id": "/aws/elasticbeanstalk/capillary-web-ui-gateway-blue/var/log/messages",
            "kms_key_id": "",
            "name": "/aws/elasticbeanstalk/capillary-web-ui-gateway-blue/var/log/messages",
            "name_prefix": "",
            "retention_in_days": 0,
            "skip_destroy": null,
            "tags": {},
            "tags_all": {}
          },
          "sensitive_attributes": []
        }
      ]
    },
    {
      "mode": "managed",
      "type": "aws_cloudwatch_log_group",
      "name": "_aws_elasticbeanstalk_capillary_web_ui_gateway_green_var_log_dmesg",
      "provider": "provider[\"registry.terraform.io/hashicorp/aws\"]",
      "instances": [
        {
          "schema_version": 0,
          "attributes": {
            "arn": "arn:aws-us-gov:logs:us-gov-west-1:050779347855:log-group:/aws/elasticbeanstalk/capillary-web-ui-gateway-green/var/log/dmesg",
            "id": "/aws/elasticbeanstalk/capillary-web-ui-gateway-green/var/log/dmesg",
            "kms_key_id": "",
            "name": "/aws/elasticbeanstalk/capillary-web-ui-gateway-green/var/log/dmesg",
            "name_prefix": "",
            "retention_in_days": 0,
            "skip_destroy": null,
            "tags": {},
            "tags_all": {}
          },
          "sensitive_attributes": []
        }
      ]
    },
    {
      "mode": "managed",
      "type": "aws_cloudwatch_log_group",
      "name": "_aws_elasticbeanstalk_capillary_web_ui_gateway_green_var_log_messages",
      "provider": "provider[\"registry.terraform.io/hashicorp/aws\"]",
      "instances": [
        {
          "schema_version": 0,
          "attributes": {
            "arn": "arn:aws-us-gov:logs:us-gov-west-1:050779347855:log-group:/aws/elasticbeanstalk/capillary-web-ui-gateway-green/var/log/messages",
            "id": "/aws/elasticbeanstalk/capillary-web-ui-gateway-green/var/log/messages",
            "kms_key_id": "",
            "name": "/aws/elasticbeanstalk/capillary-web-ui-gateway-green/var/log/messages",
            "name_prefix": "",
            "retention_in_days": 0,
            "skip_destroy": null,
            "tags": {},
            "tags_all": {}
          },
          "sensitive_attributes": []
        }
      ]
    },
    {
      "mode": "managed",
      "type": "aws_cloudwatch_log_group",
      "name": "_aws_elasticbeanstalk_collaboration_person_blue_var_log_dmesg",
      "provider": "provider[\"registry.terraform.io/hashicorp/aws\"]",
      "instances": [
        {
          "schema_version": 0,
          "attributes": {
            "arn": "arn:aws-us-gov:logs:us-gov-west-1:050779347855:log-group:/aws/elasticbeanstalk/collaboration-person-blue/var/log/dmesg",
            "id": "/aws/elasticbeanstalk/collaboration-person-blue/var/log/dmesg",
            "kms_key_id": "",
            "name": "/aws/elasticbeanstalk/collaboration-person-blue/var/log/dmesg",
            "name_prefix": "",
            "retention_in_days": 0,
            "skip_destroy": null,
            "tags": {},
            "tags_all": {}
          },
          "sensitive_attributes": []
        }
      ]
    },
    {
      "mode": "managed",
      "type": "aws_cloudwatch_log_group",
      "name": "_aws_elasticbeanstalk_collaboration_person_blue_var_log_messages",
      "provider": "provider[\"registry.terraform.io/hashicorp/aws\"]",
      "instances": [
        {
          "schema_version": 0,
          "attributes": {
            "arn": "arn:aws-us-gov:logs:us-gov-west-1:050779347855:log-group:/aws/elasticbeanstalk/collaboration-person-blue/var/log/messages",
            "id": "/aws/elasticbeanstalk/collaboration-person-blue/var/log/messages",
            "kms_key_id": "",
            "name": "/aws/elasticbeanstalk/collaboration-person-blue/var/log/messages",
            "name_prefix": "",
            "retention_in_days": 0,
            "skip_destroy": null,
            "tags": {},
            "tags_all": {}
          },
          "sensitive_attributes": []
        }
      ]
    },
    {
      "mode": "managed",
      "type": "aws_cloudwatch_log_group",
      "name": "_aws_elasticbeanstalk_collaboration_person_var_log_dmesg",
      "provider": "provider[\"registry.terraform.io/hashicorp/aws\"]",
      "instances": [
        {
          "schema_version": 0,
          "attributes": {
            "arn": "arn:aws-us-gov:logs:us-gov-west-1:050779347855:log-group:/aws/elasticbeanstalk/collaboration-person/var/log/dmesg",
            "id": "/aws/elasticbeanstalk/collaboration-person/var/log/dmesg",
            "kms_key_id": "",
            "name": "/aws/elasticbeanstalk/collaboration-person/var/log/dmesg",
            "name_prefix": "",
            "retention_in_days": 0,
            "skip_destroy": null,
            "tags": {},
            "tags_all": {}
          },
          "sensitive_attributes": []
        }
      ]
    },
    {
      "mode": "managed",
      "type": "aws_cloudwatch_log_group",
      "name": "_aws_elasticbeanstalk_collaboration_person_var_log_messages",
      "provider": "provider[\"registry.terraform.io/hashicorp/aws\"]",
      "instances": [
        {
          "schema_version": 0,
          "attributes": {
            "arn": "arn:aws-us-gov:logs:us-gov-west-1:050779347855:log-group:/aws/elasticbeanstalk/collaboration-person/var/log/messages",
            "id": "/aws/elasticbeanstalk/collaboration-person/var/log/messages",
            "kms_key_id": "",
            "name": "/aws/elasticbeanstalk/collaboration-person/var/log/messages",
            "name_prefix": "",
            "retention_in_days": 0,
            "skip_destroy": null,
            "tags": {},
            "tags_all": {}
          },
          "sensitive_attributes": []
        }
      ]
    },
    {
      "mode": "managed",
      "type": "aws_cloudwatch_log_group",
      "name": "_aws_elasticbeanstalk_dbt_clinician_web_blue_var_log_dmesg",
      "provider": "provider[\"registry.terraform.io/hashicorp/aws\"]",
      "instances": [
        {
          "schema_version": 0,
          "attributes": {
            "arn": "arn:aws-us-gov:logs:us-gov-west-1:050779347855:log-group:/aws/elasticbeanstalk/dbt-clinician-web-blue/var/log/dmesg",
            "id": "/aws/elasticbeanstalk/dbt-clinician-web-blue/var/log/dmesg",
            "kms_key_id": "",
            "name": "/aws/elasticbeanstalk/dbt-clinician-web-blue/var/log/dmesg",
            "name_prefix": "",
            "retention_in_days": 0,
            "skip_destroy": null,
            "tags": {},
            "tags_all": {}
          },
          "sensitive_attributes": []
        }
      ]
    },
    {
      "mode": "managed",
      "type": "aws_cloudwatch_log_group",
      "name": "_aws_elasticbeanstalk_dbt_clinician_web_blue_var_log_messages",
      "provider": "provider[\"registry.terraform.io/hashicorp/aws\"]",
      "instances": [
        {
          "schema_version": 0,
          "attributes": {
            "arn": "arn:aws-us-gov:logs:us-gov-west-1:050779347855:log-group:/aws/elasticbeanstalk/dbt-clinician-web-blue/var/log/messages",
            "id": "/aws/elasticbeanstalk/dbt-clinician-web-blue/var/log/messages",
            "kms_key_id": "",
            "name": "/aws/elasticbeanstalk/dbt-clinician-web-blue/var/log/messages",
            "name_prefix": "",
            "retention_in_days": 0,
            "skip_destroy": null,
            "tags": {},
            "tags_all": {}
          },
          "sensitive_attributes": []
        }
      ]
    },
    {
      "mode": "managed",
      "type": "aws_cloudwatch_log_group",
      "name": "_aws_elasticbeanstalk_dbt_clinician_web_green_var_log_dmesg",
      "provider": "provider[\"registry.terraform.io/hashicorp/aws\"]",
      "instances": [
        {
          "schema_version": 0,
          "attributes": {
            "arn": "arn:aws-us-gov:logs:us-gov-west-1:050779347855:log-group:/aws/elasticbeanstalk/dbt-clinician-web-green/var/log/dmesg",
            "id": "/aws/elasticbeanstalk/dbt-clinician-web-green/var/log/dmesg",
            "kms_key_id": "",
            "name": "/aws/elasticbeanstalk/dbt-clinician-web-green/var/log/dmesg",
            "name_prefix": "",
            "retention_in_days": 0,
            "skip_destroy": null,
            "tags": {},
            "tags_all": {}
          },
          "sensitive_attributes": []
        }
      ]
    },
    {
      "mode": "managed",
      "type": "aws_cloudwatch_log_group",
      "name": "_aws_elasticbeanstalk_dbt_clinician_web_green_var_log_messages",
      "provider": "provider[\"registry.terraform.io/hashicorp/aws\"]",
      "instances": [
        {
          "schema_version": 0,
          "attributes": {
            "arn": "arn:aws-us-gov:logs:us-gov-west-1:050779347855:log-group:/aws/elasticbeanstalk/dbt-clinician-web-green/var/log/messages",
            "id": "/aws/elasticbeanstalk/dbt-clinician-web-green/var/log/messages",
            "kms_key_id": "",
            "name": "/aws/elasticbeanstalk/dbt-clinician-web-green/var/log/messages",
            "name_prefix": "",
            "retention_in_days": 0,
            "skip_destroy": null,
            "tags": {},
            "tags_all": {}
          },
          "sensitive_attributes": []
        }
      ]
    },
    {
      "mode": "managed",
      "type": "aws_cloudwatch_log_group",
      "name": "_aws_elasticbeanstalk_form_service_blue_var_log_dmesg",
      "provider": "provider[\"registry.terraform.io/hashicorp/aws\"]",
      "instances": [
        {
          "schema_version": 0,
          "attributes": {
            "arn": "arn:aws-us-gov:logs:us-gov-west-1:050779347855:log-group:/aws/elasticbeanstalk/form-service-blue/var/log/dmesg",
            "id": "/aws/elasticbeanstalk/form-service-blue/var/log/dmesg",
            "kms_key_id": "",
            "name": "/aws/elasticbeanstalk/form-service-blue/var/log/dmesg",
            "name_prefix": "",
            "retention_in_days": 0,
            "skip_destroy": null,
            "tags": {},
            "tags_all": {}
          },
          "sensitive_attributes": []
        }
      ]
    },
    {
      "mode": "managed",
      "type": "aws_cloudwatch_log_group",
      "name": "_aws_elasticbeanstalk_form_service_blue_var_log_messages",
      "provider": "provider[\"registry.terraform.io/hashicorp/aws\"]",
      "instances": [
        {
          "schema_version": 0,
          "attributes": {
            "arn": "arn:aws-us-gov:logs:us-gov-west-1:050779347855:log-group:/aws/elasticbeanstalk/form-service-blue/var/log/messages",
            "id": "/aws/elasticbeanstalk/form-service-blue/var/log/messages",
            "kms_key_id": "",
            "name": "/aws/elasticbeanstalk/form-service-blue/var/log/messages",
            "name_prefix": "",
            "retention_in_days": 0,
            "skip_destroy": null,
            "tags": {},
            "tags_all": {}
          },
          "sensitive_attributes": []
        }
      ]
    },
    {
      "mode": "managed",
      "type": "aws_cloudwatch_log_group",
      "name": "_aws_elasticbeanstalk_identity_service_blue_var_log_dmesg",
      "provider": "provider[\"registry.terraform.io/hashicorp/aws\"]",
      "instances": [
        {
          "schema_version": 0,
          "attributes": {
            "arn": "arn:aws-us-gov:logs:us-gov-west-1:050779347855:log-group:/aws/elasticbeanstalk/identity-service-blue/var/log/dmesg",
            "id": "/aws/elasticbeanstalk/identity-service-blue/var/log/dmesg",
            "kms_key_id": "",
            "name": "/aws/elasticbeanstalk/identity-service-blue/var/log/dmesg",
            "name_prefix": "",
            "retention_in_days": 0,
            "skip_destroy": null,
            "tags": {},
            "tags_all": {}
          },
          "sensitive_attributes": []
        }
      ]
    },
    {
      "mode": "managed",
      "type": "aws_cloudwatch_log_group",
      "name": "_aws_elasticbeanstalk_identity_service_blue_var_log_messages",
      "provider": "provider[\"registry.terraform.io/hashicorp/aws\"]",
      "instances": [
        {
          "schema_version": 0,
          "attributes": {
            "arn": "arn:aws-us-gov:logs:us-gov-west-1:050779347855:log-group:/aws/elasticbeanstalk/identity-service-blue/var/log/messages",
            "id": "/aws/elasticbeanstalk/identity-service-blue/var/log/messages",
            "kms_key_id": "",
            "name": "/aws/elasticbeanstalk/identity-service-blue/var/log/messages",
            "name_prefix": "",
            "retention_in_days": 0,
            "skip_destroy": null,
            "tags": {},
            "tags_all": {}
          },
          "sensitive_attributes": []
        }
      ]
    },
    {
      "mode": "managed",
      "type": "aws_cloudwatch_log_group",
      "name": "_aws_elasticbeanstalk_identity_service_green_var_log_dmesg",
      "provider": "provider[\"registry.terraform.io/hashicorp/aws\"]",
      "instances": [
        {
          "schema_version": 0,
          "attributes": {
            "arn": "arn:aws-us-gov:logs:us-gov-west-1:050779347855:log-group:/aws/elasticbeanstalk/identity-service-green/var/log/dmesg",
            "id": "/aws/elasticbeanstalk/identity-service-green/var/log/dmesg",
            "kms_key_id": "",
            "name": "/aws/elasticbeanstalk/identity-service-green/var/log/dmesg",
            "name_prefix": "",
            "retention_in_days": 0,
            "skip_destroy": null,
            "tags": {},
            "tags_all": {}
          },
          "sensitive_attributes": []
        }
      ]
    },
    {
      "mode": "managed",
      "type": "aws_cloudwatch_log_group",
      "name": "_aws_elasticbeanstalk_identity_service_green_var_log_messages",
      "provider": "provider[\"registry.terraform.io/hashicorp/aws\"]",
      "instances": [
        {
          "schema_version": 0,
          "attributes": {
            "arn": "arn:aws-us-gov:logs:us-gov-west-1:050779347855:log-group:/aws/elasticbeanstalk/identity-service-green/var/log/messages",
            "id": "/aws/elasticbeanstalk/identity-service-green/var/log/messages",
            "kms_key_id": "",
            "name": "/aws/elasticbeanstalk/identity-service-green/var/log/messages",
            "name_prefix": "",
            "retention_in_days": 0,
            "skip_destroy": null,
            "tags": {},
            "tags_all": {}
          },
          "sensitive_attributes": []
        }
      ]
    },
    {
      "mode": "managed",
      "type": "aws_cloudwatch_log_group",
      "name": "_aws_elasticbeanstalk_internal_services_gateway_blue_var_log_dmesg",
      "provider": "provider[\"registry.terraform.io/hashicorp/aws\"]",
      "instances": [
        {
          "schema_version": 0,
          "attributes": {
            "arn": "arn:aws-us-gov:logs:us-gov-west-1:050779347855:log-group:/aws/elasticbeanstalk/internal-services-gateway-blue/var/log/dmesg",
            "id": "/aws/elasticbeanstalk/internal-services-gateway-blue/var/log/dmesg",
            "kms_key_id": "",
            "name": "/aws/elasticbeanstalk/internal-services-gateway-blue/var/log/dmesg",
            "name_prefix": "",
            "retention_in_days": 0,
            "skip_destroy": null,
            "tags": {},
            "tags_all": {}
          },
          "sensitive_attributes": []
        }
      ]
    },
    {
      "mode": "managed",
      "type": "aws_cloudwatch_log_group",
      "name": "_aws_elasticbeanstalk_internal_services_gateway_blue_var_log_messages",
      "provider": "provider[\"registry.terraform.io/hashicorp/aws\"]",
      "instances": [
        {
          "schema_version": 0,
          "attributes": {
            "arn": "arn:aws-us-gov:logs:us-gov-west-1:050779347855:log-group:/aws/elasticbeanstalk/internal-services-gateway-blue/var/log/messages",
            "id": "/aws/elasticbeanstalk/internal-services-gateway-blue/var/log/messages",
            "kms_key_id": "",
            "name": "/aws/elasticbeanstalk/internal-services-gateway-blue/var/log/messages",
            "name_prefix": "",
            "retention_in_days": 0,
            "skip_destroy": null,
            "tags": {},
            "tags_all": {}
          },
          "sensitive_attributes": []
        }
      ]
    },
    {
      "mode": "managed",
      "type": "aws_cloudwatch_log_group",
      "name": "_aws_elasticbeanstalk_internal_services_gateway_green_var_log_dmesg",
      "provider": "provider[\"registry.terraform.io/hashicorp/aws\"]",
      "instances": [
        {
          "schema_version": 0,
          "attributes": {
            "arn": "arn:aws-us-gov:logs:us-gov-west-1:050779347855:log-group:/aws/elasticbeanstalk/internal-services-gateway-green/var/log/dmesg",
            "id": "/aws/elasticbeanstalk/internal-services-gateway-green/var/log/dmesg",
            "kms_key_id": "",
            "name": "/aws/elasticbeanstalk/internal-services-gateway-green/var/log/dmesg",
            "name_prefix": "",
            "retention_in_days": 0,
            "skip_destroy": null,
            "tags": {},
            "tags_all": {}
          },
          "sensitive_attributes": []
        }
      ]
    },
    {
      "mode": "managed",
      "type": "aws_cloudwatch_log_group",
      "name": "_aws_elasticbeanstalk_internal_services_gateway_green_var_log_messages",
      "provider": "provider[\"registry.terraform.io/hashicorp/aws\"]",
      "instances": [
        {
          "schema_version": 0,
          "attributes": {
            "arn": "arn:aws-us-gov:logs:us-gov-west-1:050779347855:log-group:/aws/elasticbeanstalk/internal-services-gateway-green/var/log/messages",
            "id": "/aws/elasticbeanstalk/internal-services-gateway-green/var/log/messages",
            "kms_key_id": "",
            "name": "/aws/elasticbeanstalk/internal-services-gateway-green/var/log/messages",
            "name_prefix": "",
            "retention_in_days": 0,
            "skip_destroy": null,
            "tags": {},
            "tags_all": {}
          },
          "sensitive_attributes": []
        }
      ]
    },
    {
      "mode": "managed",
      "type": "aws_cloudwatch_log_group",
      "name": "_aws_elasticbeanstalk_learner_web_ui_gateway_blue_var_log_dmesg",
      "provider": "provider[\"registry.terraform.io/hashicorp/aws\"]",
      "instances": [
        {
          "schema_version": 0,
          "attributes": {
            "arn": "arn:aws-us-gov:logs:us-gov-west-1:050779347855:log-group:/aws/elasticbeanstalk/learner-web-ui-gateway-blue/var/log/dmesg",
            "id": "/aws/elasticbeanstalk/learner-web-ui-gateway-blue/var/log/dmesg",
            "kms_key_id": "",
            "name": "/aws/elasticbeanstalk/learner-web-ui-gateway-blue/var/log/dmesg",
            "name_prefix": "",
            "retention_in_days": 0,
            "skip_destroy": null,
            "tags": {},
            "tags_all": {}
          },
          "sensitive_attributes": []
        }
      ]
    },
    {
      "mode": "managed",
      "type": "aws_cloudwatch_log_group",
      "name": "_aws_elasticbeanstalk_learner_web_ui_gateway_blue_var_log_messages",
      "provider": "provider[\"registry.terraform.io/hashicorp/aws\"]",
      "instances": [
        {
          "schema_version": 0,
          "attributes": {
            "arn": "arn:aws-us-gov:logs:us-gov-west-1:050779347855:log-group:/aws/elasticbeanstalk/learner-web-ui-gateway-blue/var/log/messages",
            "id": "/aws/elasticbeanstalk/learner-web-ui-gateway-blue/var/log/messages",
            "kms_key_id": "",
            "name": "/aws/elasticbeanstalk/learner-web-ui-gateway-blue/var/log/messages",
            "name_prefix": "",
            "retention_in_days": 0,
            "skip_destroy": null,
            "tags": {},
            "tags_all": {}
          },
          "sensitive_attributes": []
        }
      ]
    },
    {
      "mode": "managed",
      "type": "aws_cloudwatch_log_group",
      "name": "_aws_elasticbeanstalk_learner_web_ui_gateway_green_var_log_dmesg",
      "provider": "provider[\"registry.terraform.io/hashicorp/aws\"]",
      "instances": [
        {
          "schema_version": 0,
          "attributes": {
            "arn": "arn:aws-us-gov:logs:us-gov-west-1:050779347855:log-group:/aws/elasticbeanstalk/learner-web-ui-gateway-green/var/log/dmesg",
            "id": "/aws/elasticbeanstalk/learner-web-ui-gateway-green/var/log/dmesg",
            "kms_key_id": "",
            "name": "/aws/elasticbeanstalk/learner-web-ui-gateway-green/var/log/dmesg",
            "name_prefix": "",
            "retention_in_days": 0,
            "skip_destroy": null,
            "tags": {},
            "tags_all": {}
          },
          "sensitive_attributes": []
        }
      ]
    },
    {
      "mode": "managed",
      "type": "aws_cloudwatch_log_group",
      "name": "_aws_elasticbeanstalk_learner_web_ui_gateway_green_var_log_messages",
      "provider": "provider[\"registry.terraform.io/hashicorp/aws\"]",
      "instances": [
        {
          "schema_version": 0,
          "attributes": {
            "arn": "arn:aws-us-gov:logs:us-gov-west-1:050779347855:log-group:/aws/elasticbeanstalk/learner-web-ui-gateway-green/var/log/messages",
            "id": "/aws/elasticbeanstalk/learner-web-ui-gateway-green/var/log/messages",
            "kms_key_id": "",
            "name": "/aws/elasticbeanstalk/learner-web-ui-gateway-green/var/log/messages",
            "name_prefix": "",
            "retention_in_days": 0,
            "skip_destroy": null,
            "tags": {},
            "tags_all": {}
          },
          "sensitive_attributes": []
        }
      ]
    },
    {
      "mode": "managed",
      "type": "aws_cloudwatch_log_group",
      "name": "_aws_elasticbeanstalk_market_service_blue_var_log_dmesg",
      "provider": "provider[\"registry.terraform.io/hashicorp/aws\"]",
      "instances": [
        {
          "schema_version": 0,
          "attributes": {
            "arn": "arn:aws-us-gov:logs:us-gov-west-1:050779347855:log-group:/aws/elasticbeanstalk/market-service-blue/var/log/dmesg",
            "id": "/aws/elasticbeanstalk/market-service-blue/var/log/dmesg",
            "kms_key_id": "",
            "name": "/aws/elasticbeanstalk/market-service-blue/var/log/dmesg",
            "name_prefix": "",
            "retention_in_days": 0,
            "skip_destroy": null,
            "tags": {},
            "tags_all": {}
          },
          "sensitive_attributes": []
        }
      ]
    },
    {
      "mode": "managed",
      "type": "aws_cloudwatch_log_group",
      "name": "_aws_elasticbeanstalk_market_service_blue_var_log_messages",
      "provider": "provider[\"registry.terraform.io/hashicorp/aws\"]",
      "instances": [
        {
          "schema_version": 0,
          "attributes": {
            "arn": "arn:aws-us-gov:logs:us-gov-west-1:050779347855:log-group:/aws/elasticbeanstalk/market-service-blue/var/log/messages",
            "id": "/aws/elasticbeanstalk/market-service-blue/var/log/messages",
            "kms_key_id": "",
            "name": "/aws/elasticbeanstalk/market-service-blue/var/log/messages",
            "name_prefix": "",
            "retention_in_days": 0,
            "skip_destroy": null,
            "tags": {},
            "tags_all": {}
          },
          "sensitive_attributes": []
        }
      ]
    },
    {
      "mode": "managed",
      "type": "aws_cloudwatch_log_group",
      "name": "_aws_elasticbeanstalk_market_service_green_var_log_dmesg",
      "provider": "provider[\"registry.terraform.io/hashicorp/aws\"]",
      "instances": [
        {
          "schema_version": 0,
          "attributes": {
            "arn": "arn:aws-us-gov:logs:us-gov-west-1:050779347855:log-group:/aws/elasticbeanstalk/market-service-green/var/log/dmesg",
            "id": "/aws/elasticbeanstalk/market-service-green/var/log/dmesg",
            "kms_key_id": "",
            "name": "/aws/elasticbeanstalk/market-service-green/var/log/dmesg",
            "name_prefix": "",
            "retention_in_days": 0,
            "skip_destroy": null,
            "tags": {},
            "tags_all": {}
          },
          "sensitive_attributes": []
        }
      ]
    },
    {
      "mode": "managed",
      "type": "aws_cloudwatch_log_group",
      "name": "_aws_elasticbeanstalk_market_service_green_var_log_messages",
      "provider": "provider[\"registry.terraform.io/hashicorp/aws\"]",
      "instances": [
        {
          "schema_version": 0,
          "attributes": {
            "arn": "arn:aws-us-gov:logs:us-gov-west-1:050779347855:log-group:/aws/elasticbeanstalk/market-service-green/var/log/messages",
            "id": "/aws/elasticbeanstalk/market-service-green/var/log/messages",
            "kms_key_id": "",
            "name": "/aws/elasticbeanstalk/market-service-green/var/log/messages",
            "name_prefix": "",
            "retention_in_days": 0,
            "skip_destroy": null,
            "tags": {},
            "tags_all": {}
          },
          "sensitive_attributes": []
        }
      ]
    },
    {
      "mode": "managed",
      "type": "aws_cloudwatch_log_group",
      "name": "_aws_elasticbeanstalk_mobile_client_gateway_blue_var_log_dmesg",
      "provider": "provider[\"registry.terraform.io/hashicorp/aws\"]",
      "instances": [
        {
          "schema_version": 0,
          "attributes": {
            "arn": "arn:aws-us-gov:logs:us-gov-west-1:050779347855:log-group:/aws/elasticbeanstalk/mobile-client-gateway-blue/var/log/dmesg",
            "id": "/aws/elasticbeanstalk/mobile-client-gateway-blue/var/log/dmesg",
            "kms_key_id": "",
            "name": "/aws/elasticbeanstalk/mobile-client-gateway-blue/var/log/dmesg",
            "name_prefix": "",
            "retention_in_days": 0,
            "skip_destroy": null,
            "tags": {},
            "tags_all": {}
          },
          "sensitive_attributes": []
        }
      ]
    },
    {
      "mode": "managed",
      "type": "aws_cloudwatch_log_group",
      "name": "_aws_elasticbeanstalk_mobile_client_gateway_blue_var_log_messages",
      "provider": "provider[\"registry.terraform.io/hashicorp/aws\"]",
      "instances": [
        {
          "schema_version": 0,
          "attributes": {
            "arn": "arn:aws-us-gov:logs:us-gov-west-1:050779347855:log-group:/aws/elasticbeanstalk/mobile-client-gateway-blue/var/log/messages",
            "id": "/aws/elasticbeanstalk/mobile-client-gateway-blue/var/log/messages",
            "kms_key_id": "",
            "name": "/aws/elasticbeanstalk/mobile-client-gateway-blue/var/log/messages",
            "name_prefix": "",
            "retention_in_days": 0,
            "skip_destroy": null,
            "tags": {},
            "tags_all": {}
          },
          "sensitive_attributes": []
        }
      ]
    },
    {
      "mode": "managed",
      "type": "aws_cloudwatch_log_group",
      "name": "_aws_elasticbeanstalk_mobile_client_gateway_green_var_log_dmesg",
      "provider": "provider[\"registry.terraform.io/hashicorp/aws\"]",
      "instances": [
        {
          "schema_version": 0,
          "attributes": {
            "arn": "arn:aws-us-gov:logs:us-gov-west-1:050779347855:log-group:/aws/elasticbeanstalk/mobile-client-gateway-green/var/log/dmesg",
            "id": "/aws/elasticbeanstalk/mobile-client-gateway-green/var/log/dmesg",
            "kms_key_id": "",
            "name": "/aws/elasticbeanstalk/mobile-client-gateway-green/var/log/dmesg",
            "name_prefix": "",
            "retention_in_days": 0,
            "skip_destroy": null,
            "tags": {},
            "tags_all": {}
          },
          "sensitive_attributes": []
        }
      ]
    },
    {
      "mode": "managed",
      "type": "aws_cloudwatch_log_group",
      "name": "_aws_elasticbeanstalk_mobile_client_gateway_green_var_log_messages",
      "provider": "provider[\"registry.terraform.io/hashicorp/aws\"]",
      "instances": [
        {
          "schema_version": 0,
          "attributes": {
            "arn": "arn:aws-us-gov:logs:us-gov-west-1:050779347855:log-group:/aws/elasticbeanstalk/mobile-client-gateway-green/var/log/messages",
            "id": "/aws/elasticbeanstalk/mobile-client-gateway-green/var/log/messages",
            "kms_key_id": "",
            "name": "/aws/elasticbeanstalk/mobile-client-gateway-green/var/log/messages",
            "name_prefix": "",
            "retention_in_days": 0,
            "skip_destroy": null,
            "tags": {},
            "tags_all": {}
          },
          "sensitive_attributes": []
        }
      ]
    },
    {
      "mode": "managed",
      "type": "aws_cloudwatch_log_group",
      "name": "_aws_elasticbeanstalk_services_gateway_blue_var_log_dmesg",
      "provider": "provider[\"registry.terraform.io/hashicorp/aws\"]",
      "instances": [
        {
          "schema_version": 0,
          "attributes": {
            "arn": "arn:aws-us-gov:logs:us-gov-west-1:050779347855:log-group:/aws/elasticbeanstalk/services-gateway-blue/var/log/dmesg",
            "id": "/aws/elasticbeanstalk/services-gateway-blue/var/log/dmesg",
            "kms_key_id": "",
            "name": "/aws/elasticbeanstalk/services-gateway-blue/var/log/dmesg",
            "name_prefix": "",
            "retention_in_days": 0,
            "skip_destroy": null,
            "tags": {},
            "tags_all": {}
          },
          "sensitive_attributes": []
        }
      ]
    },
    {
      "mode": "managed",
      "type": "aws_cloudwatch_log_group",
      "name": "_aws_elasticbeanstalk_services_gateway_blue_var_log_messages",
      "provider": "provider[\"registry.terraform.io/hashicorp/aws\"]",
      "instances": [
        {
          "schema_version": 0,
          "attributes": {
            "arn": "arn:aws-us-gov:logs:us-gov-west-1:050779347855:log-group:/aws/elasticbeanstalk/services-gateway-blue/var/log/messages",
            "id": "/aws/elasticbeanstalk/services-gateway-blue/var/log/messages",
            "kms_key_id": "",
            "name": "/aws/elasticbeanstalk/services-gateway-blue/var/log/messages",
            "name_prefix": "",
            "retention_in_days": 0,
            "skip_destroy": null,
            "tags": {},
            "tags_all": {}
          },
          "sensitive_attributes": []
        }
      ]
    },
    {
      "mode": "managed",
      "type": "aws_cloudwatch_log_group",
      "name": "_aws_elasticbeanstalk_services_gateway_green_var_log_dmesg",
      "provider": "provider[\"registry.terraform.io/hashicorp/aws\"]",
      "instances": [
        {
          "schema_version": 0,
          "attributes": {
            "arn": "arn:aws-us-gov:logs:us-gov-west-1:050779347855:log-group:/aws/elasticbeanstalk/services-gateway-green/var/log/dmesg",
            "id": "/aws/elasticbeanstalk/services-gateway-green/var/log/dmesg",
            "kms_key_id": "",
            "name": "/aws/elasticbeanstalk/services-gateway-green/var/log/dmesg",
            "name_prefix": "",
            "retention_in_days": 0,
            "skip_destroy": null,
            "tags": {},
            "tags_all": {}
          },
          "sensitive_attributes": []
        }
      ]
    },
    {
      "mode": "managed",
      "type": "aws_cloudwatch_log_group",
      "name": "_aws_elasticbeanstalk_services_gateway_green_var_log_messages",
      "provider": "provider[\"registry.terraform.io/hashicorp/aws\"]",
      "instances": [
        {
          "schema_version": 0,
          "attributes": {
            "arn": "arn:aws-us-gov:logs:us-gov-west-1:050779347855:log-group:/aws/elasticbeanstalk/services-gateway-green/var/log/messages",
            "id": "/aws/elasticbeanstalk/services-gateway-green/var/log/messages",
            "kms_key_id": "",
            "name": "/aws/elasticbeanstalk/services-gateway-green/var/log/messages",
            "name_prefix": "",
            "retention_in_days": 0,
            "skip_destroy": null,
            "tags": {},
            "tags_all": {}
          },
          "sensitive_attributes": []
        }
      ]
    },
    {
      "mode": "managed",
      "type": "aws_cloudwatch_log_group",
      "name": "_aws_elasticbeanstalk_test_web_service_1_15_var_log_dmesg",
      "provider": "provider[\"registry.terraform.io/hashicorp/aws\"]",
      "instances": [
        {
          "schema_version": 0,
          "attributes": {
            "arn": "arn:aws-us-gov:logs:us-gov-west-1:050779347855:log-group:/aws/elasticbeanstalk/test-web-service-1-15/var/log/dmesg",
            "id": "/aws/elasticbeanstalk/test-web-service-1-15/var/log/dmesg",
            "kms_key_id": "",
            "name": "/aws/elasticbeanstalk/test-web-service-1-15/var/log/dmesg",
            "name_prefix": "",
            "retention_in_days": 0,
            "skip_destroy": null,
            "tags": {},
            "tags_all": {}
          },
          "sensitive_attributes": []
        }
      ]
    },
    {
      "mode": "managed",
      "type": "aws_cloudwatch_log_group",
      "name": "_aws_elasticbeanstalk_test_web_service_1_15_var_log_messages",
      "provider": "provider[\"registry.terraform.io/hashicorp/aws\"]",
      "instances": [
        {
          "schema_version": 0,
          "attributes": {
            "arn": "arn:aws-us-gov:logs:us-gov-west-1:050779347855:log-group:/aws/elasticbeanstalk/test-web-service-1-15/var/log/messages",
            "id": "/aws/elasticbeanstalk/test-web-service-1-15/var/log/messages",
            "kms_key_id": "",
            "name": "/aws/elasticbeanstalk/test-web-service-1-15/var/log/messages",
            "name_prefix": "",
            "retention_in_days": 0,
            "skip_destroy": null,
            "tags": {},
            "tags_all": {}
          },
          "sensitive_attributes": []
        }
      ]
    },
    {
      "mode": "managed",
      "type": "aws_cloudwatch_log_group",
      "name": "_aws_elasticbeanstalk_test_web_service_1_7_var_log_dmesg",
      "provider": "provider[\"registry.terraform.io/hashicorp/aws\"]",
      "instances": [
        {
          "schema_version": 0,
          "attributes": {
            "arn": "arn:aws-us-gov:logs:us-gov-west-1:050779347855:log-group:/aws/elasticbeanstalk/test-web-service-1-7/var/log/dmesg",
            "id": "/aws/elasticbeanstalk/test-web-service-1-7/var/log/dmesg",
            "kms_key_id": "",
            "name": "/aws/elasticbeanstalk/test-web-service-1-7/var/log/dmesg",
            "name_prefix": "",
            "retention_in_days": 0,
            "skip_destroy": null,
            "tags": {},
            "tags_all": {}
          },
          "sensitive_attributes": []
        }
      ]
    },
    {
      "mode": "managed",
      "type": "aws_cloudwatch_log_group",
      "name": "_aws_elasticbeanstalk_test_web_service_1_7_var_log_messages",
      "provider": "provider[\"registry.terraform.io/hashicorp/aws\"]",
      "instances": [
        {
          "schema_version": 0,
          "attributes": {
            "arn": "arn:aws-us-gov:logs:us-gov-west-1:050779347855:log-group:/aws/elasticbeanstalk/test-web-service-1-7/var/log/messages",
            "id": "/aws/elasticbeanstalk/test-web-service-1-7/var/log/messages",
            "kms_key_id": "",
            "name": "/aws/elasticbeanstalk/test-web-service-1-7/var/log/messages",
            "name_prefix": "",
            "retention_in_days": 0,
            "skip_destroy": null,
            "tags": {},
            "tags_all": {}
          },
          "sensitive_attributes": []
        }
      ]
    },
    {
      "mode": "managed",
      "type": "aws_cloudwatch_log_group",
      "name": "_aws_elasticbeanstalk_test_web_service_1_8_var_log_dmesg",
      "provider": "provider[\"registry.terraform.io/hashicorp/aws\"]",
      "instances": [
        {
          "schema_version": 0,
          "attributes": {
            "arn": "arn:aws-us-gov:logs:us-gov-west-1:050779347855:log-group:/aws/elasticbeanstalk/test-web-service-1-8/var/log/dmesg",
            "id": "/aws/elasticbeanstalk/test-web-service-1-8/var/log/dmesg",
            "kms_key_id": "",
            "name": "/aws/elasticbeanstalk/test-web-service-1-8/var/log/dmesg",
            "name_prefix": "",
            "retention_in_days": 0,
            "skip_destroy": null,
            "tags": {},
            "tags_all": {}
          },
          "sensitive_attributes": []
        }
      ]
    },
    {
      "mode": "managed",
      "type": "aws_cloudwatch_log_group",
      "name": "_aws_elasticbeanstalk_test_web_service_1_8_var_log_messages",
      "provider": "provider[\"registry.terraform.io/hashicorp/aws\"]",
      "instances": [
        {
          "schema_version": 0,
          "attributes": {
            "arn": "arn:aws-us-gov:logs:us-gov-west-1:050779347855:log-group:/aws/elasticbeanstalk/test-web-service-1-8/var/log/messages",
            "id": "/aws/elasticbeanstalk/test-web-service-1-8/var/log/messages",
            "kms_key_id": "",
            "name": "/aws/elasticbeanstalk/test-web-service-1-8/var/log/messages",
            "name_prefix": "",
            "retention_in_days": 0,
            "skip_destroy": null,
            "tags": {},
            "tags_all": {}
          },
          "sensitive_attributes": []
        }
      ]
    },
    {
      "mode": "managed",
      "type": "aws_cloudwatch_log_group",
      "name": "_aws_elasticbeanstalk_test_web_service_blue_var_log_dmesg",
      "provider": "provider[\"registry.terraform.io/hashicorp/aws\"]",
      "instances": [
        {
          "schema_version": 0,
          "attributes": {
            "arn": "arn:aws-us-gov:logs:us-gov-west-1:050779347855:log-group:/aws/elasticbeanstalk/test-web-service-blue/var/log/dmesg",
            "id": "/aws/elasticbeanstalk/test-web-service-blue/var/log/dmesg",
            "kms_key_id": "",
            "name": "/aws/elasticbeanstalk/test-web-service-blue/var/log/dmesg",
            "name_prefix": "",
            "retention_in_days": 0,
            "skip_destroy": null,
            "tags": {},
            "tags_all": {}
          },
          "sensitive_attributes": []
        }
      ]
    },
    {
      "mode": "managed",
      "type": "aws_cloudwatch_log_group",
      "name": "_aws_elasticbeanstalk_test_web_service_blue_var_log_messages",
      "provider": "provider[\"registry.terraform.io/hashicorp/aws\"]",
      "instances": [
        {
          "schema_version": 0,
          "attributes": {
            "arn": "arn:aws-us-gov:logs:us-gov-west-1:050779347855:log-group:/aws/elasticbeanstalk/test-web-service-blue/var/log/messages",
            "id": "/aws/elasticbeanstalk/test-web-service-blue/var/log/messages",
            "kms_key_id": "",
            "name": "/aws/elasticbeanstalk/test-web-service-blue/var/log/messages",
            "name_prefix": "",
            "retention_in_days": 0,
            "skip_destroy": null,
            "tags": {},
            "tags_all": {}
          },
          "sensitive_attributes": []
        }
      ]
    },
    {
      "mode": "managed",
      "type": "aws_cloudwatch_log_group",
      "name": "_aws_elasticbeanstalk_test_web_service_green_var_log_dmesg",
      "provider": "provider[\"registry.terraform.io/hashicorp/aws\"]",
      "instances": [
        {
          "schema_version": 0,
          "attributes": {
            "arn": "arn:aws-us-gov:logs:us-gov-west-1:050779347855:log-group:/aws/elasticbeanstalk/test-web-service-green/var/log/dmesg",
            "id": "/aws/elasticbeanstalk/test-web-service-green/var/log/dmesg",
            "kms_key_id": "",
            "name": "/aws/elasticbeanstalk/test-web-service-green/var/log/dmesg",
            "name_prefix": "",
            "retention_in_days": 0,
            "skip_destroy": null,
            "tags": {},
            "tags_all": {}
          },
          "sensitive_attributes": []
        }
      ]
    },
    {
      "mode": "managed",
      "type": "aws_cloudwatch_log_group",
      "name": "_aws_elasticbeanstalk_test_web_service_green_var_log_messages",
      "provider": "provider[\"registry.terraform.io/hashicorp/aws\"]",
      "instances": [
        {
          "schema_version": 0,
          "attributes": {
            "arn": "arn:aws-us-gov:logs:us-gov-west-1:050779347855:log-group:/aws/elasticbeanstalk/test-web-service-green/var/log/messages",
            "id": "/aws/elasticbeanstalk/test-web-service-green/var/log/messages",
            "kms_key_id": "",
            "name": "/aws/elasticbeanstalk/test-web-service-green/var/log/messages",
            "name_prefix": "",
            "retention_in_days": 0,
            "skip_destroy": null,
            "tags": {},
            "tags_all": {}
          },
          "sensitive_attributes": []
        }
      ]
    },
    {
      "mode": "managed",
      "type": "aws_cloudwatch_log_group",
      "name": "_aws_glue_crawlers",
      "provider": "provider[\"registry.terraform.io/hashicorp/aws\"]",
      "instances": [
        {
          "schema_version": 0,
          "attributes": {
            "arn": "arn:aws-us-gov:logs:us-gov-west-1:050779347855:log-group:/aws-glue/crawlers",
            "id": "/aws-glue/crawlers",
            "kms_key_id": "",
            "name": "/aws-glue/crawlers",
            "name_prefix": "",
            "retention_in_days": 0,
            "skip_destroy": null,
            "tags": {},
            "tags_all": {}
          },
          "sensitive_attributes": []
        }
      ]
    },
    {
      "mode": "managed",
      "type": "aws_cloudwatch_log_group",
      "name": "_aws_glue_jobs_error",
      "provider": "provider[\"registry.terraform.io/hashicorp/aws\"]",
      "instances": [
        {
          "schema_version": 0,
          "attributes": {
            "arn": "arn:aws-us-gov:logs:us-gov-west-1:050779347855:log-group:/aws-glue/jobs/error",
            "id": "/aws-glue/jobs/error",
            "kms_key_id": "",
            "name": "/aws-glue/jobs/error",
            "name_prefix": "",
            "retention_in_days": 0,
            "skip_destroy": null,
            "tags": {},
            "tags_all": {}
          },
          "sensitive_attributes": []
        }
      ]
    },
    {
      "mode": "managed",
      "type": "aws_cloudwatch_log_group",
      "name": "_aws_glue_jobs_logs_v2",
      "provider": "provider[\"registry.terraform.io/hashicorp/aws\"]",
      "instances": [
        {
          "schema_version": 0,
          "attributes": {
            "arn": "arn:aws-us-gov:logs:us-gov-west-1:050779347855:log-group:/aws-glue/jobs/logs-v2",
            "id": "/aws-glue/jobs/logs-v2",
            "kms_key_id": "",
            "name": "/aws-glue/jobs/logs-v2",
            "name_prefix": "",
            "retention_in_days": 0,
            "skip_destroy": null,
            "tags": {},
            "tags_all": {}
          },
          "sensitive_attributes": []
        }
      ]
    },
    {
      "mode": "managed",
      "type": "aws_cloudwatch_log_group",
      "name": "_aws_glue_jobs_output",
      "provider": "provider[\"registry.terraform.io/hashicorp/aws\"]",
      "instances": [
        {
          "schema_version": 0,
          "attributes": {
            "arn": "arn:aws-us-gov:logs:us-gov-west-1:050779347855:log-group:/aws-glue/jobs/output",
            "id": "/aws-glue/jobs/output",
            "kms_key_id": "",
            "name": "/aws-glue/jobs/output",
            "name_prefix": "",
            "retention_in_days": 0,
            "skip_destroy": null,
            "tags": {},
            "tags_all": {}
          },
          "sensitive_attributes": []
        }
      ]
    },
    {
      "mode": "managed",
      "type": "aws_cloudwatch_log_group",
      "name": "_aws_glue_sessions_error",
      "provider": "provider[\"registry.terraform.io/hashicorp/aws\"]",
      "instances": [
        {
          "schema_version": 0,
          "attributes": {
            "arn": "arn:aws-us-gov:logs:us-gov-west-1:050779347855:log-group:/aws-glue/sessions/error",
            "id": "/aws-glue/sessions/error",
            "kms_key_id": "",
            "name": "/aws-glue/sessions/error",
            "name_prefix": "",
            "retention_in_days": 0,
            "skip_destroy": null,
            "tags": {},
            "tags_all": {}
          },
          "sensitive_attributes": []
        }
      ]
    },
    {
      "mode": "managed",
      "type": "aws_cloudwatch_log_group",
      "name": "_aws_glue_sessions_output",
      "provider": "provider[\"registry.terraform.io/hashicorp/aws\"]",
      "instances": [
        {
          "schema_version": 0,
          "attributes": {
            "arn": "arn:aws-us-gov:logs:us-gov-west-1:050779347855:log-group:/aws-glue/sessions/output",
            "id": "/aws-glue/sessions/output",
            "kms_key_id": "",
            "name": "/aws-glue/sessions/output",
            "name_prefix": "",
            "retention_in_days": 0,
            "skip_destroy": null,
            "tags": {},
            "tags_all": {}
          },
          "sensitive_attributes": []
        }
      ]
    },
    {
      "mode": "managed",
      "type": "aws_cloudwatch_log_group",
      "name": "_aws_kinesisfirehose_ses_email_notifications",
      "provider": "provider[\"registry.terraform.io/hashicorp/aws\"]",
      "instances": [
        {
          "schema_version": 0,
          "attributes": {
            "arn": "arn:aws-us-gov:logs:us-gov-west-1:050779347855:log-group:/aws/kinesisfirehose/ses-email-notifications",
            "id": "/aws/kinesisfirehose/ses-email-notifications",
            "kms_key_id": "",
            "name": "/aws/kinesisfirehose/ses-email-notifications",
            "name_prefix": "",
            "retention_in_days": 0,
            "skip_destroy": null,
            "tags": {},
            "tags_all": {}
          },
          "sensitive_attributes": []
        }
      ]
    },
    {
      "mode": "managed",
      "type": "aws_cloudwatch_log_group",
      "name": "_aws_lambda_identity_authorizeGatewayRequest",
      "provider": "provider[\"registry.terraform.io/hashicorp/aws\"]",
      "instances": [
        {
          "schema_version": 0,
          "attributes": {
            "arn": "arn:aws-us-gov:logs:us-gov-west-1:050779347855:log-group:/aws/lambda/identity-authorizeGatewayRequest",
            "id": "/aws/lambda/identity-authorizeGatewayRequest",
            "kms_key_id": "",
            "name": "/aws/lambda/identity-authorizeGatewayRequest",
            "name_prefix": "",
            "retention_in_days": 0,
            "skip_destroy": null,
            "tags": {},
            "tags_all": {}
          },
          "sensitive_attributes": []
        }
      ]
    },
    {
      "mode": "managed",
      "type": "aws_cloudwatch_log_group",
      "name": "_aws_lambda_identity_saveSignInEvent",
      "provider": "provider[\"registry.terraform.io/hashicorp/aws\"]",
      "instances": [
        {
          "schema_version": 0,
          "attributes": {
            "arn": "arn:aws-us-gov:logs:us-gov-west-1:050779347855:log-group:/aws/lambda/identity-saveSignInEvent",
            "id": "/aws/lambda/identity-saveSignInEvent",
            "kms_key_id": "",
            "name": "/aws/lambda/identity-saveSignInEvent",
            "name_prefix": "",
            "retention_in_days": 0,
            "skip_destroy": null,
            "tags": {},
            "tags_all": {}
          },
          "sensitive_attributes": []
        }
      ]
    },
    {
      "mode": "managed",
      "type": "aws_cloudwatch_log_group",
      "name": "_aws_lambda_infrastructure_email_saveSesNotificationToKinesis",
      "provider": "provider[\"registry.terraform.io/hashicorp/aws\"]",
      "instances": [
        {
          "schema_version": 0,
          "attributes": {
            "arn": "arn:aws-us-gov:logs:us-gov-west-1:050779347855:log-group:/aws/lambda/infrastructure-email-saveSesNotificationToKinesis",
            "id": "/aws/lambda/infrastructure-email-saveSesNotificationToKinesis",
            "kms_key_id": "",
            "name": "/aws/lambda/infrastructure-email-saveSesNotificationToKinesis",
            "name_prefix": "",
            "retention_in_days": 0,
            "skip_destroy": null,
            "tags": {},
            "tags_all": {}
          },
          "sensitive_attributes": []
        }
      ]
    },
    {
      "mode": "managed",
      "type": "aws_cloudwatch_log_group",
      "name": "_aws_lambda_learning_bookExtractor_GovCloud",
      "provider": "provider[\"registry.terraform.io/hashicorp/aws\"]",
      "instances": [
        {
          "schema_version": 0,
          "attributes": {
            "arn": "arn:aws-us-gov:logs:us-gov-west-1:050779347855:log-group:/aws/lambda/learning-bookExtractor-GovCloud",
            "id": "/aws/lambda/learning-bookExtractor-GovCloud",
            "kms_key_id": "",
            "name": "/aws/lambda/learning-bookExtractor-GovCloud",
            "name_prefix": "",
            "retention_in_days": 0,
            "skip_destroy": null,
            "tags": {},
            "tags_all": {}
          },
          "sensitive_attributes": []
        }
      ]
    },
    {
      "mode": "managed",
      "type": "aws_cloudwatch_log_group",
      "name": "_aws_lambda_learning_createActivities",
      "provider": "provider[\"registry.terraform.io/hashicorp/aws\"]",
      "instances": [
        {
          "schema_version": 0,
          "attributes": {
            "arn": "arn:aws-us-gov:logs:us-gov-west-1:050779347855:log-group:/aws/lambda/learning-createActivities",
            "id": "/aws/lambda/learning-createActivities",
            "kms_key_id": "",
            "name": "/aws/lambda/learning-createActivities",
            "name_prefix": "",
            "retention_in_days": 0,
            "skip_destroy": null,
            "tags": {},
            "tags_all": {}
          },
          "sensitive_attributes": []
        }
      ]
    },
    {
      "mode": "managed",
      "type": "aws_cloudwatch_log_group",
      "name": "_aws_lambda_learning_image_encoder_function",
      "provider": "provider[\"registry.terraform.io/hashicorp/aws\"]",
      "instances": [
        {
          "schema_version": 0,
          "attributes": {
            "arn": "arn:aws-us-gov:logs:us-gov-west-1:050779347855:log-group:/aws/lambda/learning-image-encoder-function",
            "id": "/aws/lambda/learning-image-encoder-function",
            "kms_key_id": "",
            "name": "/aws/lambda/learning-image-encoder-function",
            "name_prefix": "",
            "retention_in_days": 0,
            "skip_destroy": null,
            "tags": {},
            "tags_all": {}
          },
          "sensitive_attributes": []
        }
      ]
    },
    {
      "mode": "managed",
      "type": "aws_cloudwatch_log_group",
      "name": "_aws_lambda_learning_image_publisher",
      "provider": "provider[\"registry.terraform.io/hashicorp/aws\"]",
      "instances": [
        {
          "schema_version": 0,
          "attributes": {
            "arn": "arn:aws-us-gov:logs:us-gov-west-1:050779347855:log-group:/aws/lambda/learning-image-publisher",
            "id": "/aws/lambda/learning-image-publisher",
            "kms_key_id": "",
            "name": "/aws/lambda/learning-image-publisher",
            "name_prefix": "",
            "retention_in_days": 0,
            "skip_destroy": null,
            "tags": {},
            "tags_all": {}
          },
          "sensitive_attributes": []
        }
      ]
    },
    {
      "mode": "managed",
      "type": "aws_cloudwatch_log_group",
      "name": "_aws_lambda_learning_processPdf",
      "provider": "provider[\"registry.terraform.io/hashicorp/aws\"]",
      "instances": [
        {
          "schema_version": 0,
          "attributes": {
            "arn": "arn:aws-us-gov:logs:us-gov-west-1:050779347855:log-group:/aws/lambda/learning-processPdf",
            "id": "/aws/lambda/learning-processPdf",
            "kms_key_id": "",
            "name": "/aws/lambda/learning-processPdf",
            "name_prefix": "",
            "retention_in_days": 0,
            "skip_destroy": null,
            "tags": {},
            "tags_all": {}
          },
          "sensitive_attributes": []
        }
      ]
    },
    {
      "mode": "managed",
      "type": "aws_cloudwatch_log_group",
      "name": "_aws_lambda_market_handleContentDownloadEvent",
      "provider": "provider[\"registry.terraform.io/hashicorp/aws\"]",
      "instances": [
        {
          "schema_version": 0,
          "attributes": {
            "arn": "arn:aws-us-gov:logs:us-gov-west-1:050779347855:log-group:/aws/lambda/market-handleContentDownloadEvent",
            "id": "/aws/lambda/market-handleContentDownloadEvent",
            "kms_key_id": "",
            "name": "/aws/lambda/market-handleContentDownloadEvent",
            "name_prefix": "",
            "retention_in_days": 0,
            "skip_destroy": null,
            "tags": {},
            "tags_all": {}
          },
          "sensitive_attributes": []
        }
      ]
    },
    {
      "mode": "managed",
      "type": "aws_cloudwatch_log_group",
      "name": "_aws_lambda_mediaPublication_checkTranscodingState",
      "provider": "provider[\"registry.terraform.io/hashicorp/aws\"]",
      "instances": [
        {
          "schema_version": 0,
          "attributes": {
            "arn": "arn:aws-us-gov:logs:us-gov-west-1:050779347855:log-group:/aws/lambda/mediaPublication-checkTranscodingState",
            "id": "/aws/lambda/mediaPublication-checkTranscodingState",
            "kms_key_id": "",
            "name": "/aws/lambda/mediaPublication-checkTranscodingState",
            "name_prefix": "",
            "retention_in_days": 0,
            "skip_destroy": null,
            "tags": {},
            "tags_all": {}
          },
          "sensitive_attributes": []
        }
      ]
    },
    {
      "mode": "managed",
      "type": "aws_cloudwatch_log_group",
      "name": "_aws_lambda_mediaPublication_media_metadata_update",
      "provider": "provider[\"registry.terraform.io/hashicorp/aws\"]",
      "instances": [
        {
          "schema_version": 0,
          "attributes": {
            "arn": "arn:aws-us-gov:logs:us-gov-west-1:050779347855:log-group:/aws/lambda/mediaPublication-media-metadata-update",
            "id": "/aws/lambda/mediaPublication-media-metadata-update",
            "kms_key_id": "",
            "name": "/aws/lambda/mediaPublication-media-metadata-update",
            "name_prefix": "",
            "retention_in_days": 0,
            "skip_destroy": null,
            "tags": {},
            "tags_all": {}
          },
          "sensitive_attributes": []
        }
      ]
    },
    {
      "mode": "managed",
      "type": "aws_cloudwatch_log_group",
      "name": "_aws_lambda_mediaPublication_notifyTranscodingFailure",
      "provider": "provider[\"registry.terraform.io/hashicorp/aws\"]",
      "instances": [
        {
          "schema_version": 0,
          "attributes": {
            "arn": "arn:aws-us-gov:logs:us-gov-west-1:050779347855:log-group:/aws/lambda/mediaPublication-notifyTranscodingFailure",
            "id": "/aws/lambda/mediaPublication-notifyTranscodingFailure",
            "kms_key_id": "",
            "name": "/aws/lambda/mediaPublication-notifyTranscodingFailure",
            "name_prefix": "",
            "retention_in_days": 0,
            "skip_destroy": null,
            "tags": {},
            "tags_all": {}
          },
          "sensitive_attributes": []
        }
      ]
    },
    {
      "mode": "managed",
      "type": "aws_cloudwatch_log_group",
      "name": "_aws_lambda_mediaPublication_notifyTranscodingSuccess",
      "provider": "provider[\"registry.terraform.io/hashicorp/aws\"]",
      "instances": [
        {
          "schema_version": 0,
          "attributes": {
            "arn": "arn:aws-us-gov:logs:us-gov-west-1:050779347855:log-group:/aws/lambda/mediaPublication-notifyTranscodingSuccess",
            "id": "/aws/lambda/mediaPublication-notifyTranscodingSuccess",
            "kms_key_id": "",
            "name": "/aws/lambda/mediaPublication-notifyTranscodingSuccess",
            "name_prefix": "",
            "retention_in_days": 0,
            "skip_destroy": null,
            "tags": {},
            "tags_all": {}
          },
          "sensitive_attributes": []
        }
      ]
    },
    {
      "mode": "managed",
      "type": "aws_cloudwatch_log_group",
      "name": "_aws_lambda_mediaPublication_publicationTrigger",
      "provider": "provider[\"registry.terraform.io/hashicorp/aws\"]",
      "instances": [
        {
          "schema_version": 0,
          "attributes": {
            "arn": "arn:aws-us-gov:logs:us-gov-west-1:050779347855:log-group:/aws/lambda/mediaPublication-publicationTrigger",
            "id": "/aws/lambda/mediaPublication-publicationTrigger",
            "kms_key_id": "",
            "name": "/aws/lambda/mediaPublication-publicationTrigger",
            "name_prefix": "",
            "retention_in_days": 0,
            "skip_destroy": null,
            "tags": {},
            "tags_all": {}
          },
          "sensitive_attributes": []
        }
      ]
    },
    {
      "mode": "managed",
      "type": "aws_cloudwatch_log_group",
      "name": "_aws_lambda_mediaPublication_putPublicationItem",
      "provider": "provider[\"registry.terraform.io/hashicorp/aws\"]",
      "instances": [
        {
          "schema_version": 0,
          "attributes": {
            "arn": "arn:aws-us-gov:logs:us-gov-west-1:050779347855:log-group:/aws/lambda/mediaPublication-putPublicationItem",
            "id": "/aws/lambda/mediaPublication-putPublicationItem",
            "kms_key_id": "",
            "name": "/aws/lambda/mediaPublication-putPublicationItem",
            "name_prefix": "",
            "retention_in_days": 0,
            "skip_destroy": null,
            "tags": {},
            "tags_all": {}
          },
          "sensitive_attributes": []
        }
      ]
    },
    {
      "mode": "managed",
      "type": "aws_cloudwatch_log_group",
      "name": "_aws_lambda_mediaPublication_startTranscoding",
      "provider": "provider[\"registry.terraform.io/hashicorp/aws\"]",
      "instances": [
        {
          "schema_version": 0,
          "attributes": {
            "arn": "arn:aws-us-gov:logs:us-gov-west-1:050779347855:log-group:/aws/lambda/mediaPublication-startTranscoding",
            "id": "/aws/lambda/mediaPublication-startTranscoding",
            "kms_key_id": "",
            "name": "/aws/lambda/mediaPublication-startTranscoding",
            "name_prefix": "",
            "retention_in_days": 0,
            "skip_destroy": null,
            "tags": {},
            "tags_all": {}
          },
          "sensitive_attributes": []
        }
      ]
    },
    {
      "mode": "managed",
      "type": "aws_cloudwatch_log_group",
      "name": "_aws_lambda_mediaPublication_updateMediaState",
      "provider": "provider[\"registry.terraform.io/hashicorp/aws\"]",
      "instances": [
        {
          "schema_version": 0,
          "attributes": {
            "arn": "arn:aws-us-gov:logs:us-gov-west-1:050779347855:log-group:/aws/lambda/mediaPublication-updateMediaState",
            "id": "/aws/lambda/mediaPublication-updateMediaState",
            "kms_key_id": "",
            "name": "/aws/lambda/mediaPublication-updateMediaState",
            "name_prefix": "",
            "retention_in_days": 0,
            "skip_destroy": null,
            "tags": {},
            "tags_all": {}
          },
          "sensitive_attributes": []
        }
      ]
    },
    {
      "mode": "managed",
      "type": "aws_cloudwatch_log_group",
      "name": "_aws_lambda_media_metadata_update_function",
      "provider": "provider[\"registry.terraform.io/hashicorp/aws\"]",
      "instances": [
        {
          "schema_version": 0,
          "attributes": {
            "arn": "arn:aws-us-gov:logs:us-gov-west-1:050779347855:log-group:/aws/lambda/media-metadata-update-function",
            "id": "/aws/lambda/media-metadata-update-function",
            "kms_key_id": "",
            "name": "/aws/lambda/media-metadata-update-function",
            "name_prefix": "",
            "retention_in_days": 0,
            "skip_destroy": null,
            "tags": {},
            "tags_all": {}
          },
          "sensitive_attributes": []
        }
      ]
    },
    {
      "mode": "managed",
      "type": "aws_cloudwatch_log_group",
      "name": "_aws_lambda_slack_pushNotifications",
      "provider": "provider[\"registry.terraform.io/hashicorp/aws\"]",
      "instances": [
        {
          "schema_version": 0,
          "attributes": {
            "arn": "arn:aws-us-gov:logs:us-gov-west-1:050779347855:log-group:/aws/lambda/slack-pushNotifications",
            "id": "/aws/lambda/slack-pushNotifications",
            "kms_key_id": "",
            "name": "/aws/lambda/slack-pushNotifications",
            "name_prefix": "",
            "retention_in_days": 0,
            "skip_destroy": null,
            "tags": {},
            "tags_all": {}
          },
          "sensitive_attributes": []
        }
      ]
    },
    {
      "mode": "managed",
      "type": "aws_cloudwatch_log_group",
      "name": "_aws_lambda_slack_sendWebServiceMessage",
      "provider": "provider[\"registry.terraform.io/hashicorp/aws\"]",
      "instances": [
        {
          "schema_version": 0,
          "attributes": {
            "arn": "arn:aws-us-gov:logs:us-gov-west-1:050779347855:log-group:/aws/lambda/slack-sendWebServiceMessage",
            "id": "/aws/lambda/slack-sendWebServiceMessage",
            "kms_key_id": "",
            "name": "/aws/lambda/slack-sendWebServiceMessage",
            "name_prefix": "",
            "retention_in_days": 0,
            "skip_destroy": null,
            "tags": {},
            "tags_all": {}
          },
          "sensitive_attributes": []
        }
      ]
    },
    {
      "mode": "managed",
      "type": "aws_cloudwatch_log_group",
      "name": "_aws_rds_instance_allogy_core_postgresql_postgresql",
      "provider": "provider[\"registry.terraform.io/hashicorp/aws\"]",
      "instances": [
        {
          "schema_version": 0,
          "attributes": {
            "arn": "arn:aws-us-gov:logs:us-gov-west-1:050779347855:log-group:/aws/rds/instance/allogy-core-postgresql/postgresql",
            "id": "/aws/rds/instance/allogy-core-postgresql/postgresql",
            "kms_key_id": "",
            "name": "/aws/rds/instance/allogy-core-postgresql/postgresql",
            "name_prefix": "",
            "retention_in_days": 0,
            "skip_destroy": null,
            "tags": {},
            "tags_all": {}
          },
          "sensitive_attributes": []
        }
      ]
    },
    {
      "mode": "managed",
      "type": "aws_cloudwatch_log_group",
      "name": "_aws_rds_instance_allogy_default_postgresql_01_postgresql",
      "provider": "provider[\"registry.terraform.io/hashicorp/aws\"]",
      "instances": [
        {
          "schema_version": 0,
          "attributes": {
            "arn": "arn:aws-us-gov:logs:us-gov-west-1:050779347855:log-group:/aws/rds/instance/allogy-default-postgresql-01/postgresql",
            "id": "/aws/rds/instance/allogy-default-postgresql-01/postgresql",
            "kms_key_id": "",
            "name": "/aws/rds/instance/allogy-default-postgresql-01/postgresql",
            "name_prefix": "",
            "retention_in_days": 0,
            "skip_destroy": null,
            "tags": {},
            "tags_all": {}
          },
          "sensitive_attributes": []
        }
      ]
    },
    {
      "mode": "managed",
      "type": "aws_cloudwatch_log_group",
      "name": "_aws_rds_instance_allogy_secure_postgresql_01_postgresql",
      "provider": "provider[\"registry.terraform.io/hashicorp/aws\"]",
      "instances": [
        {
          "schema_version": 0,
          "attributes": {
            "arn": "arn:aws-us-gov:logs:us-gov-west-1:050779347855:log-group:/aws/rds/instance/allogy-secure-postgresql-01/postgresql",
            "id": "/aws/rds/instance/allogy-secure-postgresql-01/postgresql",
            "kms_key_id": "",
            "name": "/aws/rds/instance/allogy-secure-postgresql-01/postgresql",
            "name_prefix": "",
            "retention_in_days": 0,
            "skip_destroy": null,
            "tags": {},
            "tags_all": {}
          },
          "sensitive_attributes": []
        }
      ]
    },
    {
      "mode": "managed",
      "type": "aws_cloudwatch_log_group",
      "name": "assessment_service",
      "provider": "provider[\"registry.terraform.io/hashicorp/aws\"]",
      "instances": [
        {
          "schema_version": 0,
          "attributes": {
            "arn": "arn:aws-us-gov:logs:us-gov-west-1:050779347855:log-group:assessment-service",
            "id": "assessment-service",
            "kms_key_id": "",
            "name": "assessment-service",
            "name_prefix": "",
            "retention_in_days": 90,
            "skip_destroy": null,
            "tags": {},
            "tags_all": {}
          },
          "sensitive_attributes": []
        }
      ]
    },
    {
      "mode": "managed",
      "type": "aws_cloudwatch_log_group",
      "name": "badge_service",
      "provider": "provider[\"registry.terraform.io/hashicorp/aws\"]",
      "instances": [
        {
          "schema_version": 0,
          "attributes": {
            "arn": "arn:aws-us-gov:logs:us-gov-west-1:050779347855:log-group:badge-service",
            "id": "badge-service",
            "kms_key_id": "",
            "name": "badge-service",
            "name_prefix": "",
            "retention_in_days": 90,
            "skip_destroy": null,
            "tags": {},
            "tags_all": {}
          },
          "sensitive_attributes": []
        }
      ]
    },
    {
      "mode": "managed",
      "type": "aws_cloudwatch_log_group",
      "name": "book_service_spring",
      "provider": "provider[\"registry.terraform.io/hashicorp/aws\"]",
      "instances": [
        {
          "schema_version": 0,
          "attributes": {
            "arn": "arn:aws-us-gov:logs:us-gov-west-1:050779347855:log-group:book-service-spring",
            "id": "book-service-spring",
            "kms_key_id": "",
            "name": "book-service-spring",
            "name_prefix": "",
            "retention_in_days": 30,
            "skip_destroy": null,
            "tags": {},
            "tags_all": {}
          },
          "sensitive_attributes": []
        }
      ]
    },
    {
      "mode": "managed",
      "type": "aws_cloudwatch_log_group",
      "name": "book_service_webrequests",
      "provider": "provider[\"registry.terraform.io/hashicorp/aws\"]",
      "instances": [
        {
          "schema_version": 0,
          "attributes": {
            "arn": "arn:aws-us-gov:logs:us-gov-west-1:050779347855:log-group:book-service-webrequests",
            "id": "book-service-webrequests",
            "kms_key_id": "",
            "name": "book-service-webrequests",
            "name_prefix": "",
            "retention_in_days": 30,
            "skip_destroy": null,
            "tags": {},
            "tags_all": {}
          },
          "sensitive_attributes": []
        }
      ]
    },
    {
      "mode": "managed",
      "type": "aws_cloudwatch_log_group",
      "name": "book_tree_service",
      "provider": "provider[\"registry.terraform.io/hashicorp/aws\"]",
      "instances": [
        {
          "schema_version": 0,
          "attributes": {
            "arn": "arn:aws-us-gov:logs:us-gov-west-1:050779347855:log-group:book-tree-service",
            "id": "book-tree-service",
            "kms_key_id": "",
            "name": "book-tree-service",
            "name_prefix": "",
            "retention_in_days": 90,
            "skip_destroy": null,
            "tags": {},
            "tags_all": {}
          },
          "sensitive_attributes": []
        }
      ]
    },
    {
      "mode": "managed",
      "type": "aws_cloudwatch_log_group",
      "name": "builder_publisher_task",
      "provider": "provider[\"registry.terraform.io/hashicorp/aws\"]",
      "instances": [
        {
          "schema_version": 0,
          "attributes": {
            "arn": "arn:aws-us-gov:logs:us-gov-west-1:050779347855:log-group:builder-publisher-task",
            "id": "builder-publisher-task",
            "kms_key_id": "",
            "name": "builder-publisher-task",
            "name_prefix": "",
            "retention_in_days": 90,
            "skip_destroy": null,
            "tags": {},
            "tags_all": {}
          },
          "sensitive_attributes": []
        }
      ]
    },
    {
      "mode": "managed",
      "type": "aws_cloudwatch_log_group",
      "name": "builder_service",
      "provider": "provider[\"registry.terraform.io/hashicorp/aws\"]",
      "instances": [
        {
          "schema_version": 0,
          "attributes": {
            "arn": "arn:aws-us-gov:logs:us-gov-west-1:050779347855:log-group:builder-service",
            "id": "builder-service",
            "kms_key_id": "",
            "name": "builder-service",
            "name_prefix": "",
            "retention_in_days": 90,
            "skip_destroy": null,
            "tags": {},
            "tags_all": {}
          },
          "sensitive_attributes": []
        }
      ]
    },
    {
      "mode": "managed",
      "type": "aws_cloudwatch_log_group",
      "name": "builder_sqs_task",
      "provider": "provider[\"registry.terraform.io/hashicorp/aws\"]",
      "instances": [
        {
          "schema_version": 0,
          "attributes": {
            "arn": "arn:aws-us-gov:logs:us-gov-west-1:050779347855:log-group:builder-sqs-task",
            "id": "builder-sqs-task",
            "kms_key_id": "",
            "name": "builder-sqs-task",
            "name_prefix": "",
            "retention_in_days": 90,
            "skip_destroy": null,
            "tags": {},
            "tags_all": {}
          },
          "sensitive_attributes": []
        }
      ]
    },
    {
      "mode": "managed",
      "type": "aws_cloudwatch_log_group",
      "name": "capillary_web_ui_spring",
      "provider": "provider[\"registry.terraform.io/hashicorp/aws\"]",
      "instances": [
        {
          "schema_version": 0,
          "attributes": {
            "arn": "arn:aws-us-gov:logs:us-gov-west-1:050779347855:log-group:capillary-web-ui-spring",
            "id": "capillary-web-ui-spring",
            "kms_key_id": "",
            "name": "capillary-web-ui-spring",
            "name_prefix": "",
            "retention_in_days": 30,
            "skip_destroy": null,
            "tags": {},
            "tags_all": {}
          },
          "sensitive_attributes": []
        }
      ]
    },
    {
      "mode": "managed",
      "type": "aws_cloudwatch_log_group",
      "name": "capillary_web_ui_webrequests",
      "provider": "provider[\"registry.terraform.io/hashicorp/aws\"]",
      "instances": [
        {
          "schema_version": 0,
          "attributes": {
            "arn": "arn:aws-us-gov:logs:us-gov-west-1:050779347855:log-group:capillary-web-ui-webrequests",
            "id": "capillary-web-ui-webrequests",
            "kms_key_id": "",
            "name": "capillary-web-ui-webrequests",
            "name_prefix": "",
            "retention_in_days": 30,
            "skip_destroy": null,
            "tags": {},
            "tags_all": {}
          },
          "sensitive_attributes": []
        }
      ]
    },
    {
      "mode": "managed",
      "type": "aws_cloudwatch_log_group",
      "name": "chat_allogy_server",
      "provider": "provider[\"registry.terraform.io/hashicorp/aws\"]",
      "instances": [
        {
          "schema_version": 0,
          "attributes": {
            "arn": "arn:aws-us-gov:logs:us-gov-west-1:050779347855:log-group:chat-allogy-server",
            "id": "chat-allogy-server",
            "kms_key_id": "",
            "name": "chat-allogy-server",
            "name_prefix": "",
            "retention_in_days": 90,
            "skip_destroy": null,
            "tags": {},
            "tags_all": {}
          },
          "sensitive_attributes": []
        }
      ]
    },
    {
      "mode": "managed",
      "type": "aws_cloudwatch_log_group",
      "name": "code_service",
      "provider": "provider[\"registry.terraform.io/hashicorp/aws\"]",
      "instances": [
        {
          "schema_version": 0,
          "attributes": {
            "arn": "arn:aws-us-gov:logs:us-gov-west-1:050779347855:log-group:code-service",
            "id": "code-service",
            "kms_key_id": "",
            "name": "code-service",
            "name_prefix": "",
            "retention_in_days": 90,
            "skip_destroy": null,
            "tags": {},
            "tags_all": {}
          },
          "sensitive_attributes": []
        }
      ]
    },
    {
      "mode": "managed",
      "type": "aws_cloudwatch_log_group",
      "name": "collaboration_person_production_spring",
      "provider": "provider[\"registry.terraform.io/hashicorp/aws\"]",
      "instances": [
        {
          "schema_version": 0,
          "attributes": {
            "arn": "arn:aws-us-gov:logs:us-gov-west-1:050779347855:log-group:collaboration-person-production-spring",
            "id": "collaboration-person-production-spring",
            "kms_key_id": "",
            "name": "collaboration-person-production-spring",
            "name_prefix": "",
            "retention_in_days": 30,
            "skip_destroy": null,
            "tags": {},
            "tags_all": {}
          },
          "sensitive_attributes": []
        }
      ]
    },
    {
      "mode": "managed",
      "type": "aws_cloudwatch_log_group",
      "name": "collaboration_person_production_webrequests",
      "provider": "provider[\"registry.terraform.io/hashicorp/aws\"]",
      "instances": [
        {
          "schema_version": 0,
          "attributes": {
            "arn": "arn:aws-us-gov:logs:us-gov-west-1:050779347855:log-group:collaboration-person-production-webrequests",
            "id": "collaboration-person-production-webrequests",
            "kms_key_id": "",
            "name": "collaboration-person-production-webrequests",
            "name_prefix": "",
            "retention_in_days": 30,
            "skip_destroy": null,
            "tags": {},
            "tags_all": {}
          },
          "sensitive_attributes": []
        }
      ]
    },
    {
      "mode": "managed",
      "type": "aws_cloudwatch_log_group",
      "name": "collections_space_service",
      "provider": "provider[\"registry.terraform.io/hashicorp/aws\"]",
      "instances": [
        {
          "schema_version": 0,
          "attributes": {
            "arn": "arn:aws-us-gov:logs:us-gov-west-1:050779347855:log-group:collections-space-service",
            "id": "collections-space-service",
            "kms_key_id": "",
            "name": "collections-space-service",
            "name_prefix": "",
            "retention_in_days": 90,
            "skip_destroy": null,
            "tags": {},
            "tags_all": {}
          },
          "sensitive_attributes": []
        }
      ]
    },
    {
      "mode": "managed",
      "type": "aws_cloudwatch_log_group",
      "name": "content_download_analytics_service",
      "provider": "provider[\"registry.terraform.io/hashicorp/aws\"]",
      "instances": [
        {
          "schema_version": 0,
          "attributes": {
            "arn": "arn:aws-us-gov:logs:us-gov-west-1:050779347855:log-group:content-download-analytics-service",
            "id": "content-download-analytics-service",
            "kms_key_id": "",
            "name": "content-download-analytics-service",
            "name_prefix": "",
            "retention_in_days": 90,
            "skip_destroy": null,
            "tags": {},
            "tags_all": {}
          },
          "sensitive_attributes": []
        }
      ]
    },
    {
      "mode": "managed",
      "type": "aws_cloudwatch_log_group",
      "name": "course_certificate_pdf_service",
      "provider": "provider[\"registry.terraform.io/hashicorp/aws\"]",
      "instances": [
        {
          "schema_version": 0,
          "attributes": {
            "arn": "arn:aws-us-gov:logs:us-gov-west-1:050779347855:log-group:course-certificate-pdf-service",
            "id": "course-certificate-pdf-service",
            "kms_key_id": "",
            "name": "course-certificate-pdf-service",
            "name_prefix": "",
            "retention_in_days": 90,
            "skip_destroy": null,
            "tags": {},
            "tags_all": {}
          },
          "sensitive_attributes": []
        }
      ]
    },
    {
      "mode": "managed",
      "type": "aws_cloudwatch_log_group",
      "name": "course_content_progress_service",
      "provider": "provider[\"registry.terraform.io/hashicorp/aws\"]",
      "instances": [
        {
          "schema_version": 0,
          "attributes": {
            "arn": "arn:aws-us-gov:logs:us-gov-west-1:050779347855:log-group:course-content-progress-service",
            "id": "course-content-progress-service",
            "kms_key_id": "",
            "name": "course-content-progress-service",
            "name_prefix": "",
            "retention_in_days": 90,
            "skip_destroy": null,
            "tags": {},
            "tags_all": {}
          },
          "sensitive_attributes": []
        }
      ]
    },
    {
      "mode": "managed",
      "type": "aws_cloudwatch_log_group",
      "name": "course_instance_service",
      "provider": "provider[\"registry.terraform.io/hashicorp/aws\"]",
      "instances": [
        {
          "schema_version": 0,
          "attributes": {
            "arn": "arn:aws-us-gov:logs:us-gov-west-1:050779347855:log-group:course-instance-service",
            "id": "course-instance-service",
            "kms_key_id": "",
            "name": "course-instance-service",
            "name_prefix": "",
            "retention_in_days": 90,
            "skip_destroy": null,
            "tags": {},
            "tags_all": {}
          },
          "sensitive_attributes": []
        }
      ]
    },
    {
      "mode": "managed",
      "type": "aws_cloudwatch_log_group",
      "name": "creator_graphql_api",
      "provider": "provider[\"registry.terraform.io/hashicorp/aws\"]",
      "instances": [
        {
          "schema_version": 0,
          "attributes": {
            "arn": "arn:aws-us-gov:logs:us-gov-west-1:050779347855:log-group:creator-graphql-api",
            "id": "creator-graphql-api",
            "kms_key_id": "",
            "name": "creator-graphql-api",
            "name_prefix": "",
            "retention_in_days": 90,
            "skip_destroy": null,
            "tags": {},
            "tags_all": {}
          },
          "sensitive_attributes": []
        }
      ]
    },
    {
      "mode": "managed",
      "type": "aws_cloudwatch_log_group",
      "name": "creator_settings_service",
      "provider": "provider[\"registry.terraform.io/hashicorp/aws\"]",
      "instances": [
        {
          "schema_version": 0,
          "attributes": {
            "arn": "arn:aws-us-gov:logs:us-gov-west-1:050779347855:log-group:creator-settings-service",
            "id": "creator-settings-service",
            "kms_key_id": "",
            "name": "creator-settings-service",
            "name_prefix": "",
            "retention_in_days": 90,
            "skip_destroy": null,
            "tags": {},
            "tags_all": {}
          },
          "sensitive_attributes": []
        }
      ]
    },
    {
      "mode": "managed",
      "type": "aws_cloudwatch_log_group",
      "name": "creator_user_settings_service",
      "provider": "provider[\"registry.terraform.io/hashicorp/aws\"]",
      "instances": [
        {
          "schema_version": 0,
          "attributes": {
            "arn": "arn:aws-us-gov:logs:us-gov-west-1:050779347855:log-group:creator-user-settings-service",
            "id": "creator-user-settings-service",
            "kms_key_id": "",
            "name": "creator-user-settings-service",
            "name_prefix": "",
            "retention_in_days": 90,
            "skip_destroy": null,
            "tags": {},
            "tags_all": {}
          },
          "sensitive_attributes": []
        }
      ]
    },
    {
      "mode": "managed",
      "type": "aws_cloudwatch_log_group",
      "name": "dbt_clinician_web_spring",
      "provider": "provider[\"registry.terraform.io/hashicorp/aws\"]",
      "instances": [
        {
          "schema_version": 0,
          "attributes": {
            "arn": "arn:aws-us-gov:logs:us-gov-west-1:050779347855:log-group:dbt-clinician-web-spring",
            "id": "dbt-clinician-web-spring",
            "kms_key_id": "",
            "name": "dbt-clinician-web-spring",
            "name_prefix": "",
            "retention_in_days": 30,
            "skip_destroy": null,
            "tags": {},
            "tags_all": {}
          },
          "sensitive_attributes": []
        }
      ]
    },
    {
      "mode": "managed",
      "type": "aws_cloudwatch_log_group",
      "name": "dbt_clinician_web_webrequests",
      "provider": "provider[\"registry.terraform.io/hashicorp/aws\"]",
      "instances": [
        {
          "schema_version": 0,
          "attributes": {
            "arn": "arn:aws-us-gov:logs:us-gov-west-1:050779347855:log-group:dbt-clinician-web-webrequests",
            "id": "dbt-clinician-web-webrequests",
            "kms_key_id": "",
            "name": "dbt-clinician-web-webrequests",
            "name_prefix": "",
            "retention_in_days": 30,
            "skip_destroy": null,
            "tags": {},
            "tags_all": {}
          },
          "sensitive_attributes": []
        }
      ]
    },
    {
      "mode": "managed",
      "type": "aws_cloudwatch_log_group",
      "name": "dbt_form_processor",
      "provider": "provider[\"registry.terraform.io/hashicorp/aws\"]",
      "instances": [
        {
          "schema_version": 0,
          "attributes": {
            "arn": "arn:aws-us-gov:logs:us-gov-west-1:050779347855:log-group:dbt-form-processor",
            "id": "dbt-form-processor",
            "kms_key_id": "",
            "name": "dbt-form-processor",
            "name_prefix": "",
            "retention_in_days": 90,
            "skip_destroy": null,
            "tags": {},
            "tags_all": {}
          },
          "sensitive_attributes": []
        }
      ]
    },
    {
      "mode": "managed",
      "type": "aws_cloudwatch_log_group",
      "name": "domain_model_service",
      "provider": "provider[\"registry.terraform.io/hashicorp/aws\"]",
      "instances": [
        {
          "schema_version": 0,
          "attributes": {
            "arn": "arn:aws-us-gov:logs:us-gov-west-1:050779347855:log-group:domain-model-service",
            "id": "domain-model-service",
            "kms_key_id": "",
            "name": "domain-model-service",
            "name_prefix": "",
            "retention_in_days": 90,
            "skip_destroy": null,
            "tags": {},
            "tags_all": {}
          },
          "sensitive_attributes": []
        }
      ]
    },
    {
      "mode": "managed",
      "type": "aws_cloudwatch_log_group",
      "name": "ecs_aws_xray_daemon",
      "provider": "provider[\"registry.terraform.io/hashicorp/aws\"]",
      "instances": [
        {
          "schema_version": 0,
          "attributes": {
            "arn": "arn:aws-us-gov:logs:us-gov-west-1:050779347855:log-group:ecs-aws-xray-daemon",
            "id": "ecs-aws-xray-daemon",
            "kms_key_id": "",
            "name": "ecs-aws-xray-daemon",
            "name_prefix": "",
            "retention_in_days": 14,
            "skip_destroy": null,
            "tags": {},
            "tags_all": {}
          },
          "sensitive_attributes": []
        }
      ]
    },
    {
      "mode": "managed",
      "type": "aws_cloudwatch_log_group",
      "name": "eureka_discovery_service",
      "provider": "provider[\"registry.terraform.io/hashicorp/aws\"]",
      "instances": [
        {
          "schema_version": 0,
          "attributes": {
            "arn": "arn:aws-us-gov:logs:us-gov-west-1:050779347855:log-group:eureka-discovery-service",
            "id": "eureka-discovery-service",
            "kms_key_id": "",
            "name": "eureka-discovery-service",
            "name_prefix": "",
            "retention_in_days": 90,
            "skip_destroy": null,
            "tags": {},
            "tags_all": {}
          },
          "sensitive_attributes": []
        }
      ]
    },
    {
      "mode": "managed",
      "type": "aws_cloudwatch_log_group",
      "name": "event_tracking_service",
      "provider": "provider[\"registry.terraform.io/hashicorp/aws\"]",
      "instances": [
        {
          "schema_version": 0,
          "attributes": {
            "arn": "arn:aws-us-gov:logs:us-gov-west-1:050779347855:log-group:event-tracking-service",
            "id": "event-tracking-service",
            "kms_key_id": "",
            "name": "event-tracking-service",
            "name_prefix": "",
            "retention_in_days": 90,
            "skip_destroy": null,
            "tags": {},
            "tags_all": {}
          },
          "sensitive_attributes": []
        }
      ]
    },
    {
      "mode": "managed",
      "type": "aws_cloudwatch_log_group",
      "name": "external_app_service",
      "provider": "provider[\"registry.terraform.io/hashicorp/aws\"]",
      "instances": [
        {
          "schema_version": 0,
          "attributes": {
            "arn": "arn:aws-us-gov:logs:us-gov-west-1:050779347855:log-group:external-app-service",
            "id": "external-app-service",
            "kms_key_id": "",
            "name": "external-app-service",
            "name_prefix": "",
            "retention_in_days": 90,
            "skip_destroy": null,
            "tags": {},
            "tags_all": {}
          },
          "sensitive_attributes": []
        }
      ]
    },
    {
      "mode": "managed",
      "type": "aws_cloudwatch_log_group",
      "name": "form_production_spring",
      "provider": "provider[\"registry.terraform.io/hashicorp/aws\"]",
      "instances": [
        {
          "schema_version": 0,
          "attributes": {
            "arn": "arn:aws-us-gov:logs:us-gov-west-1:050779347855:log-group:form-production-spring",
            "id": "form-production-spring",
            "kms_key_id": "",
            "name": "form-production-spring",
            "name_prefix": "",
            "retention_in_days": 30,
            "skip_destroy": null,
            "tags": {},
            "tags_all": {}
          },
          "sensitive_attributes": []
        }
      ]
    },
    {
      "mode": "managed",
      "type": "aws_cloudwatch_log_group",
      "name": "form_production_webrequests",
      "provider": "provider[\"registry.terraform.io/hashicorp/aws\"]",
      "instances": [
        {
          "schema_version": 0,
          "attributes": {
            "arn": "arn:aws-us-gov:logs:us-gov-west-1:050779347855:log-group:form-production-webrequests",
            "id": "form-production-webrequests",
            "kms_key_id": "",
            "name": "form-production-webrequests",
            "name_prefix": "",
            "retention_in_days": 30,
            "skip_destroy": null,
            "tags": {},
            "tags_all": {}
          },
          "sensitive_attributes": []
        }
      ]
    },
    {
      "mode": "managed",
      "type": "aws_cloudwatch_log_group",
      "name": "identity_production_spring",
      "provider": "provider[\"registry.terraform.io/hashicorp/aws\"]",
      "instances": [
        {
          "schema_version": 0,
          "attributes": {
            "arn": "arn:aws-us-gov:logs:us-gov-west-1:050779347855:log-group:identity-production-spring",
            "id": "identity-production-spring",
            "kms_key_id": "",
            "name": "identity-production-spring",
            "name_prefix": "",
            "retention_in_days": 30,
            "skip_destroy": null,
            "tags": {},
            "tags_all": {}
          },
          "sensitive_attributes": []
        }
      ]
    },
    {
      "mode": "managed",
      "type": "aws_cloudwatch_log_group",
      "name": "identity_production_webrequests",
      "provider": "provider[\"registry.terraform.io/hashicorp/aws\"]",
      "instances": [
        {
          "schema_version": 0,
          "attributes": {
            "arn": "arn:aws-us-gov:logs:us-gov-west-1:050779347855:log-group:identity-production-webrequests",
            "id": "identity-production-webrequests",
            "kms_key_id": "",
            "name": "identity-production-webrequests",
            "name_prefix": "",
            "retention_in_days": 30,
            "skip_destroy": null,
            "tags": {},
            "tags_all": {}
          },
          "sensitive_attributes": []
        }
      ]
    },
    {
      "mode": "managed",
      "type": "aws_cloudwatch_log_group",
      "name": "image_reference_service",
      "provider": "provider[\"registry.terraform.io/hashicorp/aws\"]",
      "instances": [
        {
          "schema_version": 0,
          "attributes": {
            "arn": "arn:aws-us-gov:logs:us-gov-west-1:050779347855:log-group:image-reference-service",
            "id": "image-reference-service",
            "kms_key_id": "",
            "name": "image-reference-service",
            "name_prefix": "",
            "retention_in_days": 90,
            "skip_destroy": null,
            "tags": {},
            "tags_all": {}
          },
          "sensitive_attributes": []
        }
      ]
    },
    {
      "mode": "managed",
      "type": "aws_cloudwatch_log_group",
      "name": "image_scaling_service",
      "provider": "provider[\"registry.terraform.io/hashicorp/aws\"]",
      "instances": [
        {
          "schema_version": 0,
          "attributes": {
            "arn": "arn:aws-us-gov:logs:us-gov-west-1:050779347855:log-group:image-scaling-service",
            "id": "image-scaling-service",
            "kms_key_id": "",
            "name": "image-scaling-service",
            "name_prefix": "",
            "retention_in_days": 90,
            "skip_destroy": null,
            "tags": {},
            "tags_all": {}
          },
          "sensitive_attributes": []
        }
      ]
    },
    {
      "mode": "managed",
      "type": "aws_cloudwatch_log_group",
      "name": "instructor_graphql_api",
      "provider": "provider[\"registry.terraform.io/hashicorp/aws\"]",
      "instances": [
        {
          "schema_version": 0,
          "attributes": {
            "arn": "arn:aws-us-gov:logs:us-gov-west-1:050779347855:log-group:instructor-graphql-api",
            "id": "instructor-graphql-api",
            "kms_key_id": "",
            "name": "instructor-graphql-api",
            "name_prefix": "",
            "retention_in_days": 90,
            "skip_destroy": null,
            "tags": {},
            "tags_all": {}
          },
          "sensitive_attributes": []
        }
      ]
    },
    {
      "mode": "managed",
      "type": "aws_cloudwatch_log_group",
      "name": "internal_services_gateway_spring",
      "provider": "provider[\"registry.terraform.io/hashicorp/aws\"]",
      "instances": [
        {
          "schema_version": 0,
          "attributes": {
            "arn": "arn:aws-us-gov:logs:us-gov-west-1:050779347855:log-group:internal-services-gateway-spring",
            "id": "internal-services-gateway-spring",
            "kms_key_id": "",
            "name": "internal-services-gateway-spring",
            "name_prefix": "",
            "retention_in_days": 30,
            "skip_destroy": null,
            "tags": {},
            "tags_all": {}
          },
          "sensitive_attributes": []
        }
      ]
    },
    {
      "mode": "managed",
      "type": "aws_cloudwatch_log_group",
      "name": "internal_services_gateway_webrequests",
      "provider": "provider[\"registry.terraform.io/hashicorp/aws\"]",
      "instances": [
        {
          "schema_version": 0,
          "attributes": {
            "arn": "arn:aws-us-gov:logs:us-gov-west-1:050779347855:log-group:internal-services-gateway-webrequests",
            "id": "internal-services-gateway-webrequests",
            "kms_key_id": "",
            "name": "internal-services-gateway-webrequests",
            "name_prefix": "",
            "retention_in_days": 30,
            "skip_destroy": null,
            "tags": {},
            "tags_all": {}
          },
          "sensitive_attributes": []
        }
      ]
    },
    {
      "mode": "managed",
      "type": "aws_cloudwatch_log_group",
      "name": "ip_geo_location_service",
      "provider": "provider[\"registry.terraform.io/hashicorp/aws\"]",
      "instances": [
        {
          "schema_version": 0,
          "attributes": {
            "arn": "arn:aws-us-gov:logs:us-gov-west-1:050779347855:log-group:ip-geo-location-service",
            "id": "ip-geo-location-service",
            "kms_key_id": "",
            "name": "ip-geo-location-service",
            "name_prefix": "",
            "retention_in_days": 90,
            "skip_destroy": null,
            "tags": {},
            "tags_all": {}
          },
          "sensitive_attributes": []
        }
      ]
    },
    {
      "mode": "managed",
      "type": "aws_cloudwatch_log_group",
      "name": "learner_graphql_api",
      "provider": "provider[\"registry.terraform.io/hashicorp/aws\"]",
      "instances": [
        {
          "schema_version": 0,
          "attributes": {
            "arn": "arn:aws-us-gov:logs:us-gov-west-1:050779347855:log-group:learner-graphql-api",
            "id": "learner-graphql-api",
            "kms_key_id": "",
            "name": "learner-graphql-api",
            "name_prefix": "",
            "retention_in_days": 90,
            "skip_destroy": null,
            "tags": {},
            "tags_all": {}
          },
          "sensitive_attributes": []
        }
      ]
    },
    {
      "mode": "managed",
      "type": "aws_cloudwatch_log_group",
      "name": "learner_web_ui_spring",
      "provider": "provider[\"registry.terraform.io/hashicorp/aws\"]",
      "instances": [
        {
          "schema_version": 0,
          "attributes": {
            "arn": "arn:aws-us-gov:logs:us-gov-west-1:050779347855:log-group:learner-web-ui-spring",
            "id": "learner-web-ui-spring",
            "kms_key_id": "",
            "name": "learner-web-ui-spring",
            "name_prefix": "",
            "retention_in_days": 30,
            "skip_destroy": null,
            "tags": {},
            "tags_all": {}
          },
          "sensitive_attributes": []
        }
      ]
    },
    {
      "mode": "managed",
      "type": "aws_cloudwatch_log_group",
      "name": "learner_web_ui_webrequests",
      "provider": "provider[\"registry.terraform.io/hashicorp/aws\"]",
      "instances": [
        {
          "schema_version": 0,
          "attributes": {
            "arn": "arn:aws-us-gov:logs:us-gov-west-1:050779347855:log-group:learner-web-ui-webrequests",
            "id": "learner-web-ui-webrequests",
            "kms_key_id": "",
            "name": "learner-web-ui-webrequests",
            "name_prefix": "",
            "retention_in_days": 30,
            "skip_destroy": null,
            "tags": {},
            "tags_all": {}
          },
          "sensitive_attributes": []
        }
      ]
    },
    {
      "mode": "managed",
      "type": "aws_cloudwatch_log_group",
      "name": "learning_activity_service",
      "provider": "provider[\"registry.terraform.io/hashicorp/aws\"]",
      "instances": [
        {
          "schema_version": 0,
          "attributes": {
            "arn": "arn:aws-us-gov:logs:us-gov-west-1:050779347855:log-group:learning-activity-service",
            "id": "learning-activity-service",
            "kms_key_id": "",
            "name": "learning-activity-service",
            "name_prefix": "",
            "retention_in_days": 90,
            "skip_destroy": null,
            "tags": {},
            "tags_all": {}
          },
          "sensitive_attributes": []
        }
      ]
    },
    {
      "mode": "managed",
      "type": "aws_cloudwatch_log_group",
      "name": "learning_media_service",
      "provider": "provider[\"registry.terraform.io/hashicorp/aws\"]",
      "instances": [
        {
          "schema_version": 0,
          "attributes": {
            "arn": "arn:aws-us-gov:logs:us-gov-west-1:050779347855:log-group:learning-media-service",
            "id": "learning-media-service",
            "kms_key_id": "",
            "name": "learning-media-service",
            "name_prefix": "",
            "retention_in_days": 90,
            "skip_destroy": null,
            "tags": {},
            "tags_all": {}
          },
          "sensitive_attributes": []
        }
      ]
    },
    {
      "mode": "managed",
      "type": "aws_cloudwatch_log_group",
      "name": "market_production_spring",
      "provider": "provider[\"registry.terraform.io/hashicorp/aws\"]",
      "instances": [
        {
          "schema_version": 0,
          "attributes": {
            "arn": "arn:aws-us-gov:logs:us-gov-west-1:050779347855:log-group:market-production-spring",
            "id": "market-production-spring",
            "kms_key_id": "",
            "name": "market-production-spring",
            "name_prefix": "",
            "retention_in_days": 30,
            "skip_destroy": null,
            "tags": {},
            "tags_all": {}
          },
          "sensitive_attributes": []
        }
      ]
    },
    {
      "mode": "managed",
      "type": "aws_cloudwatch_log_group",
      "name": "market_production_webrequests",
      "provider": "provider[\"registry.terraform.io/hashicorp/aws\"]",
      "instances": [
        {
          "schema_version": 0,
          "attributes": {
            "arn": "arn:aws-us-gov:logs:us-gov-west-1:050779347855:log-group:market-production-webrequests",
            "id": "market-production-webrequests",
            "kms_key_id": "",
            "name": "market-production-webrequests",
            "name_prefix": "",
            "retention_in_days": 30,
            "skip_destroy": null,
            "tags": {},
            "tags_all": {}
          },
          "sensitive_attributes": []
        }
      ]
    },
    {
      "mode": "managed",
      "type": "aws_cloudwatch_log_group",
      "name": "market_search_service",
      "provider": "provider[\"registry.terraform.io/hashicorp/aws\"]",
      "instances": [
        {
          "schema_version": 0,
          "attributes": {
            "arn": "arn:aws-us-gov:logs:us-gov-west-1:050779347855:log-group:market-search-service",
            "id": "market-search-service",
            "kms_key_id": "",
            "name": "market-search-service",
            "name_prefix": "",
            "retention_in_days": 90,
            "skip_destroy": null,
            "tags": {},
            "tags_all": {}
          },
          "sensitive_attributes": []
        }
      ]
    },
    {
      "mode": "managed",
      "type": "aws_cloudwatch_log_group",
      "name": "market_subscription_service",
      "provider": "provider[\"registry.terraform.io/hashicorp/aws\"]",
      "instances": [
        {
          "schema_version": 0,
          "attributes": {
            "arn": "arn:aws-us-gov:logs:us-gov-west-1:050779347855:log-group:market-subscription-service",
            "id": "market-subscription-service",
            "kms_key_id": "",
            "name": "market-subscription-service",
            "name_prefix": "",
            "retention_in_days": 90,
            "skip_destroy": null,
            "tags": {},
            "tags_all": {}
          },
          "sensitive_attributes": []
        }
      ]
    },
    {
      "mode": "managed",
      "type": "aws_cloudwatch_log_group",
      "name": "media_asset_service",
      "provider": "provider[\"registry.terraform.io/hashicorp/aws\"]",
      "instances": [
        {
          "schema_version": 0,
          "attributes": {
            "arn": "arn:aws-us-gov:logs:us-gov-west-1:050779347855:log-group:media-asset-service",
            "id": "media-asset-service",
            "kms_key_id": "",
            "name": "media-asset-service",
            "name_prefix": "",
            "retention_in_days": 90,
            "skip_destroy": null,
            "tags": {},
            "tags_all": {}
          },
          "sensitive_attributes": []
        }
      ]
    },
    {
      "mode": "managed",
      "type": "aws_cloudwatch_log_group",
      "name": "military_user_validator",
      "provider": "provider[\"registry.terraform.io/hashicorp/aws\"]",
      "instances": [
        {
          "schema_version": 0,
          "attributes": {
            "arn": "arn:aws-us-gov:logs:us-gov-west-1:050779347855:log-group:military-user-validator",
            "id": "military-user-validator",
            "kms_key_id": "",
            "name": "military-user-validator",
            "name_prefix": "",
            "retention_in_days": 90,
            "skip_destroy": null,
            "tags": {},
            "tags_all": {}
          },
          "sensitive_attributes": []
        }
      ]
    },
    {
      "mode": "managed",
      "type": "aws_cloudwatch_log_group",
      "name": "mobile_client_gateway_spring",
      "provider": "provider[\"registry.terraform.io/hashicorp/aws\"]",
      "instances": [
        {
          "schema_version": 0,
          "attributes": {
            "arn": "arn:aws-us-gov:logs:us-gov-west-1:050779347855:log-group:mobile-client-gateway-spring",
            "id": "mobile-client-gateway-spring",
            "kms_key_id": "",
            "name": "mobile-client-gateway-spring",
            "name_prefix": "",
            "retention_in_days": 30,
            "skip_destroy": null,
            "tags": {},
            "tags_all": {}
          },
          "sensitive_attributes": []
        }
      ]
    },
    {
      "mode": "managed",
      "type": "aws_cloudwatch_log_group",
      "name": "mobile_client_gateway_webrequests",
      "provider": "provider[\"registry.terraform.io/hashicorp/aws\"]",
      "instances": [
        {
          "schema_version": 0,
          "attributes": {
            "arn": "arn:aws-us-gov:logs:us-gov-west-1:050779347855:log-group:mobile-client-gateway-webrequests",
            "id": "mobile-client-gateway-webrequests",
            "kms_key_id": "",
            "name": "mobile-client-gateway-webrequests",
            "name_prefix": "",
            "retention_in_days": 30,
            "skip_destroy": null,
            "tags": {},
            "tags_all": {}
          },
          "sensitive_attributes": []
        }
      ]
    },
    {
      "mode": "managed",
      "type": "aws_cloudwatch_log_group",
      "name": "notification_service",
      "provider": "provider[\"registry.terraform.io/hashicorp/aws\"]",
      "instances": [
        {
          "schema_version": 0,
          "attributes": {
            "arn": "arn:aws-us-gov:logs:us-gov-west-1:050779347855:log-group:notification-service",
            "id": "notification-service",
            "kms_key_id": "",
            "name": "notification-service",
            "name_prefix": "",
            "retention_in_days": 90,
            "skip_destroy": null,
            "tags": {},
            "tags_all": {}
          },
          "sensitive_attributes": []
        }
      ]
    },
    {
      "mode": "managed",
      "type": "aws_cloudwatch_log_group",
      "name": "performance_assessment_service",
      "provider": "provider[\"registry.terraform.io/hashicorp/aws\"]",
      "instances": [
        {
          "schema_version": 0,
          "attributes": {
            "arn": "arn:aws-us-gov:logs:us-gov-west-1:050779347855:log-group:performance-assessment-service",
            "id": "performance-assessment-service",
            "kms_key_id": "",
            "name": "performance-assessment-service",
            "name_prefix": "",
            "retention_in_days": 90,
            "skip_destroy": null,
            "tags": {},
            "tags_all": {}
          },
          "sensitive_attributes": []
        }
      ]
    },
    {
      "mode": "managed",
      "type": "aws_cloudwatch_log_group",
      "name": "publication_service",
      "provider": "provider[\"registry.terraform.io/hashicorp/aws\"]",
      "instances": [
        {
          "schema_version": 0,
          "attributes": {
            "arn": "arn:aws-us-gov:logs:us-gov-west-1:050779347855:log-group:publication-service",
            "id": "publication-service",
            "kms_key_id": "",
            "name": "publication-service",
            "name_prefix": "",
            "retention_in_days": 90,
            "skip_destroy": null,
            "tags": {},
            "tags_all": {}
          },
          "sensitive_attributes": []
        }
      ]
    },
    {
      "mode": "managed",
      "type": "aws_cloudwatch_log_group",
      "name": "registration_validation_service",
      "provider": "provider[\"registry.terraform.io/hashicorp/aws\"]",
      "instances": [
        {
          "schema_version": 0,
          "attributes": {
            "arn": "arn:aws-us-gov:logs:us-gov-west-1:050779347855:log-group:registration-validation-service",
            "id": "registration-validation-service",
            "kms_key_id": "",
            "name": "registration-validation-service",
            "name_prefix": "",
            "retention_in_days": 90,
            "skip_destroy": null,
            "tags": {},
            "tags_all": {}
          },
          "sensitive_attributes": []
        }
      ]
    },
    {
      "mode": "managed",
      "type": "aws_cloudwatch_log_group",
      "name": "services_gateway_spring",
      "provider": "provider[\"registry.terraform.io/hashicorp/aws\"]",
      "instances": [
        {
          "schema_version": 0,
          "attributes": {
            "arn": "arn:aws-us-gov:logs:us-gov-west-1:050779347855:log-group:services-gateway-spring",
            "id": "services-gateway-spring",
            "kms_key_id": "",
            "name": "services-gateway-spring",
            "name_prefix": "",
            "retention_in_days": 30,
            "skip_destroy": null,
            "tags": {},
            "tags_all": {}
          },
          "sensitive_attributes": []
        }
      ]
    },
    {
      "mode": "managed",
      "type": "aws_cloudwatch_log_group",
      "name": "services_gateway_webrequests",
      "provider": "provider[\"registry.terraform.io/hashicorp/aws\"]",
      "instances": [
        {
          "schema_version": 0,
          "attributes": {
            "arn": "arn:aws-us-gov:logs:us-gov-west-1:050779347855:log-group:services-gateway-webrequests",
            "id": "services-gateway-webrequests",
            "kms_key_id": "",
            "name": "services-gateway-webrequests",
            "name_prefix": "",
            "retention_in_days": 30,
            "skip_destroy": null,
            "tags": {},
            "tags_all": {}
          },
          "sensitive_attributes": []
        }
      ]
    },
    {
      "mode": "managed",
      "type": "aws_cloudwatch_log_group",
      "name": "simple_email_manager",
      "provider": "provider[\"registry.terraform.io/hashicorp/aws\"]",
      "instances": [
        {
          "schema_version": 0,
          "attributes": {
            "arn": "arn:aws-us-gov:logs:us-gov-west-1:050779347855:log-group:simple-email-manager",
            "id": "simple-email-manager",
            "kms_key_id": "",
            "name": "simple-email-manager",
            "name_prefix": "",
            "retention_in_days": 90,
            "skip_destroy": null,
            "tags": {},
            "tags_all": {}
          },
          "sensitive_attributes": []
        }
      ]
    },
    {
      "mode": "managed",
      "type": "aws_cloudwatch_log_group",
      "name": "single_step_service",
      "provider": "provider[\"registry.terraform.io/hashicorp/aws\"]",
      "instances": [
        {
          "schema_version": 0,
          "attributes": {
            "arn": "arn:aws-us-gov:logs:us-gov-west-1:050779347855:log-group:single-step-service",
            "id": "single-step-service",
            "kms_key_id": "",
            "name": "single-step-service",
            "name_prefix": "",
            "retention_in_days": 90,
            "skip_destroy": null,
            "tags": {},
            "tags_all": {}
          },
          "sensitive_attributes": []
        }
      ]
    },
    {
      "mode": "managed",
      "type": "aws_cloudwatch_log_group",
      "name": "spring_config_server",
      "provider": "provider[\"registry.terraform.io/hashicorp/aws\"]",
      "instances": [
        {
          "schema_version": 0,
          "attributes": {
            "arn": "arn:aws-us-gov:logs:us-gov-west-1:050779347855:log-group:spring-config-server",
            "id": "spring-config-server",
            "kms_key_id": "",
            "name": "spring-config-server",
            "name_prefix": "",
            "retention_in_days": 90,
            "skip_destroy": null,
            "tags": {},
            "tags_all": {}
          },
          "sensitive_attributes": []
        }
      ]
    },
    {
      "mode": "managed",
      "type": "aws_cloudwatch_log_group",
      "name": "survey_form_service",
      "provider": "provider[\"registry.terraform.io/hashicorp/aws\"]",
      "instances": [
        {
          "schema_version": 0,
          "attributes": {
            "arn": "arn:aws-us-gov:logs:us-gov-west-1:050779347855:log-group:survey-form-service",
            "id": "survey-form-service",
            "kms_key_id": "",
            "name": "survey-form-service",
            "name_prefix": "",
            "retention_in_days": 90,
            "skip_destroy": null,
            "tags": {},
            "tags_all": {}
          },
          "sensitive_attributes": []
        }
      ]
    },
    {
      "mode": "managed",
      "type": "aws_cloudwatch_log_group",
      "name": "team_service",
      "provider": "provider[\"registry.terraform.io/hashicorp/aws\"]",
      "instances": [
        {
          "schema_version": 0,
          "attributes": {
            "arn": "arn:aws-us-gov:logs:us-gov-west-1:050779347855:log-group:team-service",
            "id": "team-service",
            "kms_key_id": "",
            "name": "team-service",
            "name_prefix": "",
            "retention_in_days": 90,
            "skip_destroy": null,
            "tags": {},
            "tags_all": {}
          },
          "sensitive_attributes": []
        }
      ]
    },
    {
      "mode": "managed",
      "type": "aws_cloudwatch_log_group",
      "name": "tenant_configuration_service",
      "provider": "provider[\"registry.terraform.io/hashicorp/aws\"]",
      "instances": [
        {
          "schema_version": 0,
          "attributes": {
            "arn": "arn:aws-us-gov:logs:us-gov-west-1:050779347855:log-group:tenant-configuration-service",
            "id": "tenant-configuration-service",
            "kms_key_id": "",
            "name": "tenant-configuration-service",
            "name_prefix": "",
            "retention_in_days": 90,
            "skip_destroy": null,
            "tags": {},
            "tags_all": {}
          },
          "sensitive_attributes": []
        }
      ]
    },
    {
      "mode": "managed",
      "type": "aws_cloudwatch_log_group",
      "name": "tenant_host_domain_service",
      "provider": "provider[\"registry.terraform.io/hashicorp/aws\"]",
      "instances": [
        {
          "schema_version": 0,
          "attributes": {
            "arn": "arn:aws-us-gov:logs:us-gov-west-1:050779347855:log-group:tenant-host-domain-service",
            "id": "tenant-host-domain-service",
            "kms_key_id": "",
            "name": "tenant-host-domain-service",
            "name_prefix": "",
            "retention_in_days": 90,
            "skip_destroy": null,
            "tags": {},
            "tags_all": {}
          },
          "sensitive_attributes": []
        }
      ]
    },
    {
      "mode": "managed",
      "type": "aws_cloudwatch_log_group",
      "name": "tenant_user_configuration_service",
      "provider": "provider[\"registry.terraform.io/hashicorp/aws\"]",
      "instances": [
        {
          "schema_version": 0,
          "attributes": {
            "arn": "arn:aws-us-gov:logs:us-gov-west-1:050779347855:log-group:tenant-user-configuration-service",
            "id": "tenant-user-configuration-service",
            "kms_key_id": "",
            "name": "tenant-user-configuration-service",
            "name_prefix": "",
            "retention_in_days": 90,
            "skip_destroy": null,
            "tags": {},
            "tags_all": {}
          },
          "sensitive_attributes": []
        }
      ]
    },
    {
      "mode": "managed",
      "type": "aws_cloudwatch_log_group",
      "name": "test_web_service_spring",
      "provider": "provider[\"registry.terraform.io/hashicorp/aws\"]",
      "instances": [
        {
          "schema_version": 0,
          "attributes": {
            "arn": "arn:aws-us-gov:logs:us-gov-west-1:050779347855:log-group:test-web-service-spring",
            "id": "test-web-service-spring",
            "kms_key_id": "",
            "name": "test-web-service-spring",
            "name_prefix": "",
            "retention_in_days": 30,
            "skip_destroy": null,
            "tags": {},
            "tags_all": {}
          },
          "sensitive_attributes": []
        }
      ]
    },
    {
      "mode": "managed",
      "type": "aws_cloudwatch_log_group",
      "name": "test_web_service_webrequests",
      "provider": "provider[\"registry.terraform.io/hashicorp/aws\"]",
      "instances": [
        {
          "schema_version": 0,
          "attributes": {
            "arn": "arn:aws-us-gov:logs:us-gov-west-1:050779347855:log-group:test-web-service-webrequests",
            "id": "test-web-service-webrequests",
            "kms_key_id": "",
            "name": "test-web-service-webrequests",
            "name_prefix": "",
            "retention_in_days": 30,
            "skip_destroy": null,
            "tags": {},
            "tags_all": {}
          },
          "sensitive_attributes": []
        }
      ]
    },
    {
      "mode": "managed",
      "type": "aws_cloudwatch_log_group",
      "name": "user_data_service",
      "provider": "provider[\"registry.terraform.io/hashicorp/aws\"]",
      "instances": [
        {
          "schema_version": 0,
          "attributes": {
            "arn": "arn:aws-us-gov:logs:us-gov-west-1:050779347855:log-group:user-data-service",
            "id": "user-data-service",
            "kms_key_id": "",
            "name": "user-data-service",
            "name_prefix": "",
            "retention_in_days": 90,
            "skip_destroy": null,
            "tags": {},
            "tags_all": {}
          },
          "sensitive_attributes": []
        }
      ]
    },
    {
      "mode": "managed",
      "type": "aws_cloudwatch_log_group",
      "name": "xapi_service",
      "provider": "provider[\"registry.terraform.io/hashicorp/aws\"]",
      "instances": [
        {
          "schema_version": 0,
          "attributes": {
            "arn": "arn:aws-us-gov:logs:us-gov-west-1:050779347855:log-group:xapi-service",
            "id": "xapi-service",
            "kms_key_id": "",
            "name": "xapi-service",
            "name_prefix": "",
            "retention_in_days": 90,
            "skip_destroy": null,
            "tags": {},
            "tags_all": {}
          },
          "sensitive_attributes": []
        }
      ]
    },
    {
      "mode": "managed",
      "type": "aws_cloudwatch_log_metric_filter",
      "name": "AWSEBCWLErrorMetricFilter_43rpAefKnujD",
      "provider": "provider[\"registry.terraform.io/hashicorp/aws\"]",
      "instances": [
        {
          "schema_version": 0,
          "attributes": {
            "id": "AWSEBCWLErrorMetricFilter-43rpAefKnujD",
            "log_group_name": "market-production-spring",
            "metric_transformation": [
              {
                "default_value": "",
                "dimensions": {},
                "name": "CWLServiceError",
                "namespace": "ElasticBeanstalk/market-service-green",
                "unit": "",
                "value": "1"
              }
            ],
            "name": "AWSEBCWLErrorMetricFilter-43rpAefKnujD",
            "pattern": "[date, time, level=ERROR, ...]"
          },
          "sensitive_attributes": []
        }
      ]
    },
    {
      "mode": "managed",
      "type": "aws_cloudwatch_log_metric_filter",
      "name": "AWSEBCWLErrorMetricFilter_4NuaSx6FHZ3p",
      "provider": "provider[\"registry.terraform.io/hashicorp/aws\"]",
      "instances": [
        {
          "schema_version": 0,
          "attributes": {
            "id": "AWSEBCWLErrorMetricFilter-4NuaSx6FHZ3p",
            "log_group_name": "book-service-spring",
            "metric_transformation": [
              {
                "default_value": "",
                "dimensions": {},
                "name": "CWLServiceError",
                "namespace": "ElasticBeanstalk/book-service-blue",
                "unit": "",
                "value": "1"
              }
            ],
            "name": "AWSEBCWLErrorMetricFilter-4NuaSx6FHZ3p",
            "pattern": "[date, time, level=ERROR, ...]"
          },
          "sensitive_attributes": []
        }
      ]
    },
    {
      "mode": "managed",
      "type": "aws_cloudwatch_log_metric_filter",
      "name": "AWSEBCWLErrorMetricFilter_PhUeIl5XUY6Z",
      "provider": "provider[\"registry.terraform.io/hashicorp/aws\"]",
      "instances": [
        {
          "schema_version": 0,
          "attributes": {
            "id": "AWSEBCWLErrorMetricFilter-PhUeIl5XUY6Z",
            "log_group_name": "capillary-web-ui-spring",
            "metric_transformation": [
              {
                "default_value": "",
                "dimensions": {},
                "name": "CWLServiceError",
                "namespace": "ElasticBeanstalk/capillary-web-ui-gateway-blue",
                "unit": "",
                "value": "1"
              }
            ],
            "name": "AWSEBCWLErrorMetricFilter-PhUeIl5XUY6Z",
            "pattern": "[date, time, level=ERROR, ...]"
          },
          "sensitive_attributes": []
        }
      ]
    },
    {
      "mode": "managed",
      "type": "aws_cloudwatch_log_metric_filter",
      "name": "AWSEBCWLErrorMetricFilter_TBfnSfXMnGgf",
      "provider": "provider[\"registry.terraform.io/hashicorp/aws\"]",
      "instances": [
        {
          "schema_version": 0,
          "attributes": {
            "id": "AWSEBCWLErrorMetricFilter-TBfnSfXMnGgf",
            "log_group_name": "mobile-client-gateway-spring",
            "metric_transformation": [
              {
                "default_value": "",
                "dimensions": {},
                "name": "CWLServiceError",
                "namespace": "ElasticBeanstalk/mobile-client-gateway-blue",
                "unit": "",
                "value": "1"
              }
            ],
            "name": "AWSEBCWLErrorMetricFilter-TBfnSfXMnGgf",
            "pattern": "[date, time, level=ERROR, ...]"
          },
          "sensitive_attributes": []
        }
      ]
    },
    {
      "mode": "managed",
      "type": "aws_cloudwatch_log_metric_filter",
      "name": "AWSEBCWLErrorMetricFilter_rdkQySic1jBi",
      "provider": "provider[\"registry.terraform.io/hashicorp/aws\"]",
      "instances": [
        {
          "schema_version": 0,
          "attributes": {
            "id": "AWSEBCWLErrorMetricFilter-rdkQySic1jBi",
            "log_group_name": "capillary-web-ui-spring",
            "metric_transformation": [
              {
                "default_value": "",
                "dimensions": {},
                "name": "CWLServiceError",
                "namespace": "ElasticBeanstalk/capillary-web-ui-gateway-green",
                "unit": "",
                "value": "1"
              }
            ],
            "name": "AWSEBCWLErrorMetricFilter-rdkQySic1jBi",
            "pattern": "[date, time, level=ERROR, ...]"
          },
          "sensitive_attributes": []
        }
      ]
    },
    {
      "mode": "managed",
      "type": "aws_cloudwatch_log_metric_filter",
      "name": "AWSEBCWLHttp4xxMetricFilter_T5mvihQ0iDKn",
      "provider": "provider[\"registry.terraform.io/hashicorp/aws\"]",
      "instances": [
        {
          "schema_version": 0,
          "attributes": {
            "id": "AWSEBCWLHttp4xxMetricFilter-T5mvihQ0iDKn",
            "log_group_name": "mobile-client-gateway-webrequests",
            "metric_transformation": [
              {
                "default_value": "",
                "dimensions": {},
                "name": "CWLHttp4xx",
                "namespace": "ElasticBeanstalk/mobile-client-gateway-blue",
                "unit": "",
                "value": "1"
              }
            ],
            "name": "AWSEBCWLHttp4xxMetricFilter-T5mvihQ0iDKn",
            "pattern": "[..., status=4*, size, trace, referer, agent]"
          },
          "sensitive_attributes": []
        }
      ]
    },
    {
      "mode": "managed",
      "type": "aws_cloudwatch_log_metric_filter",
      "name": "AWSEBCWLHttp4xxMetricFilter_UzGRtRCKRi3L",
      "provider": "provider[\"registry.terraform.io/hashicorp/aws\"]",
      "instances": [
        {
          "schema_version": 0,
          "attributes": {
            "id": "AWSEBCWLHttp4xxMetricFilter-UzGRtRCKRi3L",
            "log_group_name": "capillary-web-ui-webrequests",
            "metric_transformation": [
              {
                "default_value": "",
                "dimensions": {},
                "name": "CWLHttp4xx",
                "namespace": "ElasticBeanstalk/capillary-web-ui-gateway-green",
                "unit": "",
                "value": "1"
              }
            ],
            "name": "AWSEBCWLHttp4xxMetricFilter-UzGRtRCKRi3L",
            "pattern": "[..., status=4*, size, trace, referer, agent]"
          },
          "sensitive_attributes": []
        }
      ]
    },
    {
      "mode": "managed",
      "type": "aws_cloudwatch_log_metric_filter",
      "name": "AWSEBCWLHttp4xxMetricFilter_cwm4uEGH2oD1",
      "provider": "provider[\"registry.terraform.io/hashicorp/aws\"]",
      "instances": [
        {
          "schema_version": 0,
          "attributes": {
            "id": "AWSEBCWLHttp4xxMetricFilter-cwm4uEGH2oD1",
            "log_group_name": "book-service-webrequests",
            "metric_transformation": [
              {
                "default_value": "",
                "dimensions": {},
                "name": "CWLHttp4xx",
                "namespace": "ElasticBeanstalk/book-service-blue",
                "unit": "",
                "value": "1"
              }
            ],
            "name": "AWSEBCWLHttp4xxMetricFilter-cwm4uEGH2oD1",
            "pattern": "[..., status=4*, size, trace, referer, agent]"
          },
          "sensitive_attributes": []
        }
      ]
    },
    {
      "mode": "managed",
      "type": "aws_cloudwatch_log_metric_filter",
      "name": "AWSEBCWLHttp4xxMetricFilter_dD1OIbjgkE6m",
      "provider": "provider[\"registry.terraform.io/hashicorp/aws\"]",
      "instances": [
        {
          "schema_version": 0,
          "attributes": {
            "id": "AWSEBCWLHttp4xxMetricFilter-dD1OIbjgkE6m",
            "log_group_name": "market-production-webrequests",
            "metric_transformation": [
              {
                "default_value": "",
                "dimensions": {},
                "name": "CWLHttp4xx",
                "namespace": "ElasticBeanstalk/market-service-green",
                "unit": "",
                "value": "1"
              }
            ],
            "name": "AWSEBCWLHttp4xxMetricFilter-dD1OIbjgkE6m",
            "pattern": "[..., status=4*, size, trace, referer, agent]"
          },
          "sensitive_attributes": []
        }
      ]
    },
    {
      "mode": "managed",
      "type": "aws_cloudwatch_log_metric_filter",
      "name": "AWSEBCWLHttp4xxMetricFilter_zKArt4iru2GW",
      "provider": "provider[\"registry.terraform.io/hashicorp/aws\"]",
      "instances": [
        {
          "schema_version": 0,
          "attributes": {
            "id": "AWSEBCWLHttp4xxMetricFilter-zKArt4iru2GW",
            "log_group_name": "capillary-web-ui-webrequests",
            "metric_transformation": [
              {
                "default_value": "",
                "dimensions": {},
                "name": "CWLHttp4xx",
                "namespace": "ElasticBeanstalk/capillary-web-ui-gateway-blue",
                "unit": "",
                "value": "1"
              }
            ],
            "name": "AWSEBCWLHttp4xxMetricFilter-zKArt4iru2GW",
            "pattern": "[..., status=4*, size, trace, referer, agent]"
          },
          "sensitive_attributes": []
        }
      ]
    },
    {
      "mode": "managed",
      "type": "aws_cloudwatch_log_metric_filter",
      "name": "AWSEBCWLHttp5xxMetricFilter_DPQOHOSTsOxf",
      "provider": "provider[\"registry.terraform.io/hashicorp/aws\"]",
      "instances": [
        {
          "schema_version": 0,
          "attributes": {
            "id": "AWSEBCWLHttp5xxMetricFilter-DPQOHOSTsOxf",
            "log_group_name": "market-production-webrequests",
            "metric_transformation": [
              {
                "default_value": "",
                "dimensions": {},
                "name": "CWLHttp5xx",
                "namespace": "ElasticBeanstalk/market-service-green",
                "unit": "",
                "value": "1"
              }
            ],
            "name": "AWSEBCWLHttp5xxMetricFilter-DPQOHOSTsOxf",
            "pattern": "[..., status=5*, size, trace, referer, agent]"
          },
          "sensitive_attributes": []
        }
      ]
    },
    {
      "mode": "managed",
      "type": "aws_cloudwatch_log_metric_filter",
      "name": "AWSEBCWLHttp5xxMetricFilter_QVnfk45KQMcp",
      "provider": "provider[\"registry.terraform.io/hashicorp/aws\"]",
      "instances": [
        {
          "schema_version": 0,
          "attributes": {
            "id": "AWSEBCWLHttp5xxMetricFilter-QVnfk45KQMcp",
            "log_group_name": "capillary-web-ui-webrequests",
            "metric_transformation": [
              {
                "default_value": "",
                "dimensions": {},
                "name": "CWLHttp5xx",
                "namespace": "ElasticBeanstalk/capillary-web-ui-gateway-blue",
                "unit": "",
                "value": "1"
              }
            ],
            "name": "AWSEBCWLHttp5xxMetricFilter-QVnfk45KQMcp",
            "pattern": "[..., status=5*, size, trace, referer, agent]"
          },
          "sensitive_attributes": []
        }
      ]
    },
    {
      "mode": "managed",
      "type": "aws_cloudwatch_log_metric_filter",
      "name": "AWSEBCWLHttp5xxMetricFilter_dSlic4j85G17",
      "provider": "provider[\"registry.terraform.io/hashicorp/aws\"]",
      "instances": [
        {
          "schema_version": 0,
          "attributes": {
            "id": "AWSEBCWLHttp5xxMetricFilter-dSlic4j85G17",
            "log_group_name": "capillary-web-ui-webrequests",
            "metric_transformation": [
              {
                "default_value": "",
                "dimensions": {},
                "name": "CWLHttp5xx",
                "namespace": "ElasticBeanstalk/capillary-web-ui-gateway-green",
                "unit": "",
                "value": "1"
              }
            ],
            "name": "AWSEBCWLHttp5xxMetricFilter-dSlic4j85G17",
            "pattern": "[..., status=5*, size, trace, referer, agent]"
          },
          "sensitive_attributes": []
        }
      ]
    },
    {
      "mode": "managed",
      "type": "aws_cloudwatch_log_metric_filter",
      "name": "AWSEBCWLHttp5xxMetricFilter_n19nDjjwY4Wq",
      "provider": "provider[\"registry.terraform.io/hashicorp/aws\"]",
      "instances": [
        {
          "schema_version": 0,
          "attributes": {
            "id": "AWSEBCWLHttp5xxMetricFilter-n19nDjjwY4Wq",
            "log_group_name": "mobile-client-gateway-webrequests",
            "metric_transformation": [
              {
                "default_value": "",
                "dimensions": {},
                "name": "CWLHttp5xx",
                "namespace": "ElasticBeanstalk/mobile-client-gateway-blue",
                "unit": "",
                "value": "1"
              }
            ],
            "name": "AWSEBCWLHttp5xxMetricFilter-n19nDjjwY4Wq",
            "pattern": "[..., status=5*, size, trace, referer, agent]"
          },
          "sensitive_attributes": []
        }
      ]
    },
    {
      "mode": "managed",
      "type": "aws_cloudwatch_log_metric_filter",
      "name": "AWSEBCWLHttp5xxMetricFilter_w3mgHeL7B6nc",
      "provider": "provider[\"registry.terraform.io/hashicorp/aws\"]",
      "instances": [
        {
          "schema_version": 0,
          "attributes": {
            "id": "AWSEBCWLHttp5xxMetricFilter-w3mgHeL7B6nc",
            "log_group_name": "book-service-webrequests",
            "metric_transformation": [
              {
                "default_value": "",
                "dimensions": {},
                "name": "CWLHttp5xx",
                "namespace": "ElasticBeanstalk/book-service-blue",
                "unit": "",
                "value": "1"
              }
            ],
            "name": "AWSEBCWLHttp5xxMetricFilter-w3mgHeL7B6nc",
            "pattern": "[..., status=5*, size, trace, referer, agent]"
          },
          "sensitive_attributes": []
        }
      ]
    },
    {
      "mode": "managed",
      "type": "aws_cloudwatch_log_metric_filter",
      "name": "AWSEBCWLHttpNon4xxMetricFilter_4mHcIQYBIaF7",
      "provider": "provider[\"registry.terraform.io/hashicorp/aws\"]",
      "instances": [
        {
          "schema_version": 0,
          "attributes": {
            "id": "AWSEBCWLHttpNon4xxMetricFilter-4mHcIQYBIaF7",
            "log_group_name": "market-production-webrequests",
            "metric_transformation": [
              {
                "default_value": "",
                "dimensions": {},
                "name": "CWLHttp4xx",
                "namespace": "ElasticBeanstalk/market-service-green",
                "unit": "",
                "value": "0"
              }
            ],
            "name": "AWSEBCWLHttpNon4xxMetricFilter-4mHcIQYBIaF7",
            "pattern": "[..., status!=4*, size, trace, referer, agent]"
          },
          "sensitive_attributes": []
        }
      ]
    },
    {
      "mode": "managed",
      "type": "aws_cloudwatch_log_metric_filter",
      "name": "AWSEBCWLHttpNon4xxMetricFilter_WeTk7jCMrvoM",
      "provider": "provider[\"registry.terraform.io/hashicorp/aws\"]",
      "instances": [
        {
          "schema_version": 0,
          "attributes": {
            "id": "AWSEBCWLHttpNon4xxMetricFilter-WeTk7jCMrvoM",
            "log_group_name": "capillary-web-ui-webrequests",
            "metric_transformation": [
              {
                "default_value": "",
                "dimensions": {},
                "name": "CWLHttp4xx",
                "namespace": "ElasticBeanstalk/capillary-web-ui-gateway-blue",
                "unit": "",
                "value": "0"
              }
            ],
            "name": "AWSEBCWLHttpNon4xxMetricFilter-WeTk7jCMrvoM",
            "pattern": "[..., status!=4*, size, trace, referer, agent]"
          },
          "sensitive_attributes": []
        }
      ]
    },
    {
      "mode": "managed",
      "type": "aws_cloudwatch_log_metric_filter",
      "name": "AWSEBCWLHttpNon4xxMetricFilter_kRavSX9K2wpx",
      "provider": "provider[\"registry.terraform.io/hashicorp/aws\"]",
      "instances": [
        {
          "schema_version": 0,
          "attributes": {
            "id": "AWSEBCWLHttpNon4xxMetricFilter-kRavSX9K2wpx",
            "log_group_name": "mobile-client-gateway-webrequests",
            "metric_transformation": [
              {
                "default_value": "",
                "dimensions": {},
                "name": "CWLHttp4xx",
                "namespace": "ElasticBeanstalk/mobile-client-gateway-blue",
                "unit": "",
                "value": "0"
              }
            ],
            "name": "AWSEBCWLHttpNon4xxMetricFilter-kRavSX9K2wpx",
            "pattern": "[..., status!=4*, size, trace, referer, agent]"
          },
          "sensitive_attributes": []
        }
      ]
    },
    {
      "mode": "managed",
      "type": "aws_cloudwatch_log_metric_filter",
      "name": "AWSEBCWLHttpNon4xxMetricFilter_oWu3k3w06LUv",
      "provider": "provider[\"registry.terraform.io/hashicorp/aws\"]",
      "instances": [
        {
          "schema_version": 0,
          "attributes": {
            "id": "AWSEBCWLHttpNon4xxMetricFilter-oWu3k3w06LUv",
            "log_group_name": "book-service-webrequests",
            "metric_transformation": [
              {
                "default_value": "",
                "dimensions": {},
                "name": "CWLHttp4xx",
                "namespace": "ElasticBeanstalk/book-service-blue",
                "unit": "",
                "value": "0"
              }
            ],
            "name": "AWSEBCWLHttpNon4xxMetricFilter-oWu3k3w06LUv",
            "pattern": "[..., status!=4*, size, trace, referer, agent]"
          },
          "sensitive_attributes": []
        }
      ]
    },
    {
      "mode": "managed",
      "type": "aws_cloudwatch_log_metric_filter",
      "name": "AWSEBCWLHttpNon4xxMetricFilter_sidFMi47449l",
      "provider": "provider[\"registry.terraform.io/hashicorp/aws\"]",
      "instances": [
        {
          "schema_version": 0,
          "attributes": {
            "id": "AWSEBCWLHttpNon4xxMetricFilter-sidFMi47449l",
            "log_group_name": "capillary-web-ui-webrequests",
            "metric_transformation": [
              {
                "default_value": "",
                "dimensions": {},
                "name": "CWLHttp4xx",
                "namespace": "ElasticBeanstalk/capillary-web-ui-gateway-green",
                "unit": "",
                "value": "0"
              }
            ],
            "name": "AWSEBCWLHttpNon4xxMetricFilter-sidFMi47449l",
            "pattern": "[..., status!=4*, size, trace, referer, agent]"
          },
          "sensitive_attributes": []
        }
      ]
    },
    {
      "mode": "managed",
      "type": "aws_cloudwatch_log_metric_filter",
      "name": "AWSEBCWLHttpNon5xxMetricFilter_K2Pz0aMNNEn6",
      "provider": "provider[\"registry.terraform.io/hashicorp/aws\"]",
      "instances": [
        {
          "schema_version": 0,
          "attributes": {
            "id": "AWSEBCWLHttpNon5xxMetricFilter-K2Pz0aMNNEn6",
            "log_group_name": "book-service-webrequests",
            "metric_transformation": [
              {
                "default_value": "",
                "dimensions": {},
                "name": "CWLHttp5xx",
                "namespace": "ElasticBeanstalk/book-service-blue",
                "unit": "",
                "value": "0"
              }
            ],
            "name": "AWSEBCWLHttpNon5xxMetricFilter-K2Pz0aMNNEn6",
            "pattern": "[..., status!=5*, size, trace, referer, agent]"
          },
          "sensitive_attributes": []
        }
      ]
    },
    {
      "mode": "managed",
      "type": "aws_cloudwatch_log_metric_filter",
      "name": "AWSEBCWLHttpNon5xxMetricFilter_OZdbzWervXHT",
      "provider": "provider[\"registry.terraform.io/hashicorp/aws\"]",
      "instances": [
        {
          "schema_version": 0,
          "attributes": {
            "id": "AWSEBCWLHttpNon5xxMetricFilter-OZdbzWervXHT",
            "log_group_name": "market-production-webrequests",
            "metric_transformation": [
              {
                "default_value": "",
                "dimensions": {},
                "name": "CWLHttp5xx",
                "namespace": "ElasticBeanstalk/market-service-green",
                "unit": "",
                "value": "0"
              }
            ],
            "name": "AWSEBCWLHttpNon5xxMetricFilter-OZdbzWervXHT",
            "pattern": "[..., status!=5*, size, trace, referer, agent]"
          },
          "sensitive_attributes": []
        }
      ]
    },
    {
      "mode": "managed",
      "type": "aws_cloudwatch_log_metric_filter",
      "name": "AWSEBCWLHttpNon5xxMetricFilter_Ow3hfNqTd52w",
      "provider": "provider[\"registry.terraform.io/hashicorp/aws\"]",
      "instances": [
        {
          "schema_version": 0,
          "attributes": {
            "id": "AWSEBCWLHttpNon5xxMetricFilter-Ow3hfNqTd52w",
            "log_group_name": "mobile-client-gateway-webrequests",
            "metric_transformation": [
              {
                "default_value": "",
                "dimensions": {},
                "name": "CWLHttp5xx",
                "namespace": "ElasticBeanstalk/mobile-client-gateway-blue",
                "unit": "",
                "value": "0"
              }
            ],
            "name": "AWSEBCWLHttpNon5xxMetricFilter-Ow3hfNqTd52w",
            "pattern": "[..., status!=5*, size, trace, referer, agent]"
          },
          "sensitive_attributes": []
        }
      ]
    },
    {
      "mode": "managed",
      "type": "aws_cloudwatch_log_metric_filter",
      "name": "AWSEBCWLHttpNon5xxMetricFilter_dzdArjRLtQvX",
      "provider": "provider[\"registry.terraform.io/hashicorp/aws\"]",
      "instances": [
        {
          "schema_version": 0,
          "attributes": {
            "id": "AWSEBCWLHttpNon5xxMetricFilter-dzdArjRLtQvX",
            "log_group_name": "capillary-web-ui-webrequests",
            "metric_transformation": [
              {
                "default_value": "",
                "dimensions": {},
                "name": "CWLHttp5xx",
                "namespace": "ElasticBeanstalk/capillary-web-ui-gateway-green",
                "unit": "",
                "value": "0"
              }
            ],
            "name": "AWSEBCWLHttpNon5xxMetricFilter-dzdArjRLtQvX",
            "pattern": "[..., status!=5*, size, trace, referer, agent]"
          },
          "sensitive_attributes": []
        }
      ]
    },
    {
      "mode": "managed",
      "type": "aws_cloudwatch_log_metric_filter",
      "name": "AWSEBCWLHttpNon5xxMetricFilter_yOQlVABUwwRV",
      "provider": "provider[\"registry.terraform.io/hashicorp/aws\"]",
      "instances": [
        {
          "schema_version": 0,
          "attributes": {
            "id": "AWSEBCWLHttpNon5xxMetricFilter-yOQlVABUwwRV",
            "log_group_name": "capillary-web-ui-webrequests",
            "metric_transformation": [
              {
                "default_value": "",
                "dimensions": {},
                "name": "CWLHttp5xx",
                "namespace": "ElasticBeanstalk/capillary-web-ui-gateway-blue",
                "unit": "",
                "value": "0"
              }
            ],
            "name": "AWSEBCWLHttpNon5xxMetricFilter-yOQlVABUwwRV",
            "pattern": "[..., status!=5*, size, trace, referer, agent]"
          },
          "sensitive_attributes": []
        }
      ]
    },
    {
      "mode": "managed",
      "type": "aws_cloudwatch_log_metric_filter",
      "name": "AWSEBCWLServiceNonErrorMetricFilter_DPGuCTweX125",
      "provider": "provider[\"registry.terraform.io/hashicorp/aws\"]",
      "instances": [
        {
          "schema_version": 0,
          "attributes": {
            "id": "AWSEBCWLServiceNonErrorMetricFilter-DPGuCTweX125",
            "log_group_name": "market-production-spring",
            "metric_transformation": [
              {
                "default_value": "",
                "dimensions": {},
                "name": "CWLServiceError",
                "namespace": "ElasticBeanstalk/market-service-green",
                "unit": "",
                "value": "0"
              }
            ],
            "name": "AWSEBCWLServiceNonErrorMetricFilter-DPGuCTweX125",
            "pattern": "[date, time, level!=ERROR, ...]"
          },
          "sensitive_attributes": []
        }
      ]
    },
    {
      "mode": "managed",
      "type": "aws_cloudwatch_log_metric_filter",
      "name": "AWSEBCWLServiceNonErrorMetricFilter_NyJSKwx4y6oa",
      "provider": "provider[\"registry.terraform.io/hashicorp/aws\"]",
      "instances": [
        {
          "schema_version": 0,
          "attributes": {
            "id": "AWSEBCWLServiceNonErrorMetricFilter-NyJSKwx4y6oa",
            "log_group_name": "capillary-web-ui-spring",
            "metric_transformation": [
              {
                "default_value": "",
                "dimensions": {},
                "name": "CWLServiceError",
                "namespace": "ElasticBeanstalk/capillary-web-ui-gateway-blue",
                "unit": "",
                "value": "0"
              }
            ],
            "name": "AWSEBCWLServiceNonErrorMetricFilter-NyJSKwx4y6oa",
            "pattern": "[date, time, level!=ERROR, ...]"
          },
          "sensitive_attributes": []
        }
      ]
    },
    {
      "mode": "managed",
      "type": "aws_cloudwatch_log_metric_filter",
      "name": "AWSEBCWLServiceNonErrorMetricFilter_Z545el3otHbh",
      "provider": "provider[\"registry.terraform.io/hashicorp/aws\"]",
      "instances": [
        {
          "schema_version": 0,
          "attributes": {
            "id": "AWSEBCWLServiceNonErrorMetricFilter-Z545el3otHbh",
            "log_group_name": "mobile-client-gateway-spring",
            "metric_transformation": [
              {
                "default_value": "",
                "dimensions": {},
                "name": "CWLServiceError",
                "namespace": "ElasticBeanstalk/mobile-client-gateway-blue",
                "unit": "",
                "value": "0"
              }
            ],
            "name": "AWSEBCWLServiceNonErrorMetricFilter-Z545el3otHbh",
            "pattern": "[date, time, level!=ERROR, ...]"
          },
          "sensitive_attributes": []
        }
      ]
    },
    {
      "mode": "managed",
      "type": "aws_cloudwatch_log_metric_filter",
      "name": "AWSEBCWLServiceNonErrorMetricFilter_sNEZCD40H0mc",
      "provider": "provider[\"registry.terraform.io/hashicorp/aws\"]",
      "instances": [
        {
          "schema_version": 0,
          "attributes": {
            "id": "AWSEBCWLServiceNonErrorMetricFilter-sNEZCD40H0mc",
            "log_group_name": "capillary-web-ui-spring",
            "metric_transformation": [
              {
                "default_value": "",
                "dimensions": {},
                "name": "CWLServiceError",
                "namespace": "ElasticBeanstalk/capillary-web-ui-gateway-green",
                "unit": "",
                "value": "0"
              }
            ],
            "name": "AWSEBCWLServiceNonErrorMetricFilter-sNEZCD40H0mc",
            "pattern": "[date, time, level!=ERROR, ...]"
          },
          "sensitive_attributes": []
        }
      ]
    },
    {
      "mode": "managed",
      "type": "aws_cloudwatch_log_metric_filter",
      "name": "AWSEBCWLServiceNonErrorMetricFilter_uWBa5At50FOm",
      "provider": "provider[\"registry.terraform.io/hashicorp/aws\"]",
      "instances": [
        {
          "schema_version": 0,
          "attributes": {
            "id": "AWSEBCWLServiceNonErrorMetricFilter-uWBa5At50FOm",
            "log_group_name": "book-service-spring",
            "metric_transformation": [
              {
                "default_value": "",
                "dimensions": {},
                "name": "CWLServiceError",
                "namespace": "ElasticBeanstalk/book-service-blue",
                "unit": "",
                "value": "0"
              }
            ],
            "name": "AWSEBCWLServiceNonErrorMetricFilter-uWBa5At50FOm",
            "pattern": "[date, time, level!=ERROR, ...]"
          },
          "sensitive_attributes": []
        }
      ]
    },
    {
      "mode": "managed",
      "type": "aws_cloudwatch_log_metric_filter",
      "name": "ServiceError_Error",
      "provider": "provider[\"registry.terraform.io/hashicorp/aws\"]",
      "instances": [
        {
          "schema_version": 0,
          "attributes": {
            "id": "ServiceError-Error",
            "log_group_name": "assessment-service",
            "metric_transformation": [
              {
                "default_value": "",
                "dimensions": {},
                "name": "ServiceError",
                "namespace": "ECSService/assessment-service",
                "unit": "",
                "value": "1"
              }
            ],
            "name": "ServiceError-Error",
            "pattern": "[date, time, level=ERROR, ...]"
          },
          "sensitive_attributes": []
        }
      ]
    },
    {
      "mode": "managed",
      "type": "aws_cloudwatch_log_metric_filter",
      "name": "ServiceError_NotError",
      "provider": "provider[\"registry.terraform.io/hashicorp/aws\"]",
      "instances": [
        {
          "schema_version": 0,
          "attributes": {
            "id": "ServiceError-NotError",
            "log_group_name": "assessment-service",
            "metric_transformation": [
              {
                "default_value": "",
                "dimensions": {},
                "name": "ServiceError",
                "namespace": "ECSService/assessment-service",
                "unit": "",
                "value": "0"
              }
            ],
            "name": "ServiceError-NotError",
            "pattern": "[date, time, level!=ERROR, ...]"
          },
          "sensitive_attributes": []
        }
      ]
    },
    {
      "mode": "managed",
      "type": "aws_cloudwatch_log_metric_filter",
      "name": "ServiceWarning_NotWarning",
      "provider": "provider[\"registry.terraform.io/hashicorp/aws\"]",
      "instances": [
        {
          "schema_version": 0,
          "attributes": {
            "id": "ServiceWarning-NotWarning",
            "log_group_name": "assessment-service",
            "metric_transformation": [
              {
                "default_value": "",
                "dimensions": {},
                "name": "ServiceWarning",
                "namespace": "ECSService/assessment-service",
                "unit": "",
                "value": "0"
              }
            ],
            "name": "ServiceWarning-NotWarning",
            "pattern": "[date, time, level!=WARN, ...]"
          },
          "sensitive_attributes": []
        }
      ]
    },
    {
      "mode": "managed",
      "type": "aws_cloudwatch_log_metric_filter",
      "name": "ServiceWarning_Warning",
      "provider": "provider[\"registry.terraform.io/hashicorp/aws\"]",
      "instances": [
        {
          "schema_version": 0,
          "attributes": {
            "id": "ServiceWarning-Warning",
            "log_group_name": "assessment-service",
            "metric_transformation": [
              {
                "default_value": "",
                "dimensions": {},
                "name": "ServiceWarning",
                "namespace": "ECSService/assessment-service",
                "unit": "",
                "value": "1"
              }
            ],
            "name": "ServiceWarning-Warning",
            "pattern": "[date, time, level=WARN, ...]"
          },
          "sensitive_attributes": []
        }
      ]
    },
    {
      "mode": "managed",
      "type": "aws_cloudwatch_log_metric_filter",
      "name": "awseb_e_32xzmdus8p_stack_AWSEBCWLErrorMetricFilter_JX0M4OLT1SP6",
      "provider": "provider[\"registry.terraform.io/hashicorp/aws\"]",
      "instances": [
        {
          "schema_version": 0,
          "attributes": {
            "id": "awseb-e-32xzmdus8p-stack-AWSEBCWLErrorMetricFilter-JX0M4OLT1SP6",
            "log_group_name": "services-gateway-spring",
            "metric_transformation": [
              {
                "default_value": "",
                "dimensions": {},
                "name": "CWLServiceError",
                "namespace": "ElasticBeanstalk/services-gateway-blue",
                "unit": "",
                "value": "1"
              }
            ],
            "name": "awseb-e-32xzmdus8p-stack-AWSEBCWLErrorMetricFilter-JX0M4OLT1SP6",
            "pattern": "[date, time, level=ERROR, ...]"
          },
          "sensitive_attributes": []
        }
      ]
    },
    {
      "mode": "managed",
      "type": "aws_cloudwatch_log_metric_filter",
      "name": "awseb_e_32xzmdus8p_stack_AWSEBCWLHttp4xxMetricFilter_EBS0JG9XATWE",
      "provider": "provider[\"registry.terraform.io/hashicorp/aws\"]",
      "instances": [
        {
          "schema_version": 0,
          "attributes": {
            "id": "awseb-e-32xzmdus8p-stack-AWSEBCWLHttp4xxMetricFilter-EBS0JG9XATWE",
            "log_group_name": "services-gateway-webrequests",
            "metric_transformation": [
              {
                "default_value": "",
                "dimensions": {},
                "name": "CWLHttp4xx",
                "namespace": "ElasticBeanstalk/services-gateway-blue",
                "unit": "",
                "value": "1"
              }
            ],
            "name": "awseb-e-32xzmdus8p-stack-AWSEBCWLHttp4xxMetricFilter-EBS0JG9XATWE",
            "pattern": "[..., status=4*, size, trace, referer, agent]"
          },
          "sensitive_attributes": []
        }
      ]
    },
    {
      "mode": "managed",
      "type": "aws_cloudwatch_log_metric_filter",
      "name": "awseb_e_32xzmdus8p_stack_AWSEBCWLHttp5xxMetricFilter_1V6DWGU8MO4QO",
      "provider": "provider[\"registry.terraform.io/hashicorp/aws\"]",
      "instances": [
        {
          "schema_version": 0,
          "attributes": {
            "id": "awseb-e-32xzmdus8p-stack-AWSEBCWLHttp5xxMetricFilter-1V6DWGU8MO4QO",
            "log_group_name": "services-gateway-webrequests",
            "metric_transformation": [
              {
                "default_value": "",
                "dimensions": {},
                "name": "CWLHttp5xx",
                "namespace": "ElasticBeanstalk/services-gateway-blue",
                "unit": "",
                "value": "1"
              }
            ],
            "name": "awseb-e-32xzmdus8p-stack-AWSEBCWLHttp5xxMetricFilter-1V6DWGU8MO4QO",
            "pattern": "[..., status=5*, size, trace, referer, agent]"
          },
          "sensitive_attributes": []
        }
      ]
    },
    {
      "mode": "managed",
      "type": "aws_cloudwatch_log_metric_filter",
      "name": "awseb_e_32xzmdus8p_stack_AWSEBCWLHttpNon4xxMetricFilter_1KS5CWW1I89IH",
      "provider": "provider[\"registry.terraform.io/hashicorp/aws\"]",
      "instances": [
        {
          "schema_version": 0,
          "attributes": {
            "id": "awseb-e-32xzmdus8p-stack-AWSEBCWLHttpNon4xxMetricFilter-1KS5CWW1I89IH",
            "log_group_name": "services-gateway-webrequests",
            "metric_transformation": [
              {
                "default_value": "",
                "dimensions": {},
                "name": "CWLHttp4xx",
                "namespace": "ElasticBeanstalk/services-gateway-blue",
                "unit": "",
                "value": "0"
              }
            ],
            "name": "awseb-e-32xzmdus8p-stack-AWSEBCWLHttpNon4xxMetricFilter-1KS5CWW1I89IH",
            "pattern": "[..., status!=4*, size, trace, referer, agent]"
          },
          "sensitive_attributes": []
        }
      ]
    },
    {
      "mode": "managed",
      "type": "aws_cloudwatch_log_metric_filter",
      "name": "awseb_e_32xzmdus8p_stack_AWSEBCWLHttpNon5xxMetricFilter_1343BAZAG2WPG",
      "provider": "provider[\"registry.terraform.io/hashicorp/aws\"]",
      "instances": [
        {
          "schema_version": 0,
          "attributes": {
            "id": "awseb-e-32xzmdus8p-stack-AWSEBCWLHttpNon5xxMetricFilter-1343BAZAG2WPG",
            "log_group_name": "services-gateway-webrequests",
            "metric_transformation": [
              {
                "default_value": "",
                "dimensions": {},
                "name": "CWLHttp5xx",
                "namespace": "ElasticBeanstalk/services-gateway-blue",
                "unit": "",
                "value": "0"
              }
            ],
            "name": "awseb-e-32xzmdus8p-stack-AWSEBCWLHttpNon5xxMetricFilter-1343BAZAG2WPG",
            "pattern": "[..., status!=5*, size, trace, referer, agent]"
          },
          "sensitive_attributes": []
        }
      ]
    },
    {
      "mode": "managed",
      "type": "aws_cloudwatch_log_metric_filter",
      "name": "awseb_e_32xzmdus8p_stack_AWSEBCWLServiceNonErrorMetricFilter_1LJ21G7X0MG7O",
      "provider": "provider[\"registry.terraform.io/hashicorp/aws\"]",
      "instances": [
        {
          "schema_version": 0,
          "attributes": {
            "id": "awseb-e-32xzmdus8p-stack-AWSEBCWLServiceNonErrorMetricFilter-1LJ21G7X0MG7O",
            "log_group_name": "services-gateway-spring",
            "metric_transformation": [
              {
                "default_value": "",
                "dimensions": {},
                "name": "CWLServiceError",
                "namespace": "ElasticBeanstalk/services-gateway-blue",
                "unit": "",
                "value": "0"
              }
            ],
            "name": "awseb-e-32xzmdus8p-stack-AWSEBCWLServiceNonErrorMetricFilter-1LJ21G7X0MG7O",
            "pattern": "[date, time, level!=ERROR, ...]"
          },
          "sensitive_attributes": []
        }
      ]
    },
    {
      "mode": "managed",
      "type": "aws_cloudwatch_log_metric_filter",
      "name": "awseb_e_3evreti3za_stack_AWSEBCWLErrorMetricFilter_F9O1WKA5ZC2Z",
      "provider": "provider[\"registry.terraform.io/hashicorp/aws\"]",
      "instances": [
        {
          "schema_version": 0,
          "attributes": {
            "id": "awseb-e-3evreti3za-stack-AWSEBCWLErrorMetricFilter-F9O1WKA5ZC2Z",
            "log_group_name": "collaboration-person-production-spring",
            "metric_transformation": [
              {
                "default_value": "",
                "dimensions": {},
                "name": "CWLServiceError",
                "namespace": "ElasticBeanstalk/collaboration-person-blue",
                "unit": "",
                "value": "1"
              }
            ],
            "name": "awseb-e-3evreti3za-stack-AWSEBCWLErrorMetricFilter-F9O1WKA5ZC2Z",
            "pattern": "[date, time, level=ERROR, ...]"
          },
          "sensitive_attributes": []
        }
      ]
    },
    {
      "mode": "managed",
      "type": "aws_cloudwatch_log_metric_filter",
      "name": "awseb_e_3evreti3za_stack_AWSEBCWLHttp4xxMetricFilter_9W192HBWCQJV",
      "provider": "provider[\"registry.terraform.io/hashicorp/aws\"]",
      "instances": [
        {
          "schema_version": 0,
          "attributes": {
            "id": "awseb-e-3evreti3za-stack-AWSEBCWLHttp4xxMetricFilter-9W192HBWCQJV",
            "log_group_name": "collaboration-person-production-webrequests",
            "metric_transformation": [
              {
                "default_value": "",
                "dimensions": {},
                "name": "CWLHttp4xx",
                "namespace": "ElasticBeanstalk/collaboration-person-blue",
                "unit": "",
                "value": "1"
              }
            ],
            "name": "awseb-e-3evreti3za-stack-AWSEBCWLHttp4xxMetricFilter-9W192HBWCQJV",
            "pattern": "[..., status=4*, size, trace, referer, agent]"
          },
          "sensitive_attributes": []
        }
      ]
    },
    {
      "mode": "managed",
      "type": "aws_cloudwatch_log_metric_filter",
      "name": "awseb_e_3evreti3za_stack_AWSEBCWLHttp5xxMetricFilter_1FIUPP8F5G9EJ",
      "provider": "provider[\"registry.terraform.io/hashicorp/aws\"]",
      "instances": [
        {
          "schema_version": 0,
          "attributes": {
            "id": "awseb-e-3evreti3za-stack-AWSEBCWLHttp5xxMetricFilter-1FIUPP8F5G9EJ",
            "log_group_name": "collaboration-person-production-webrequests",
            "metric_transformation": [
              {
                "default_value": "",
                "dimensions": {},
                "name": "CWLHttp5xx",
                "namespace": "ElasticBeanstalk/collaboration-person-blue",
                "unit": "",
                "value": "1"
              }
            ],
            "name": "awseb-e-3evreti3za-stack-AWSEBCWLHttp5xxMetricFilter-1FIUPP8F5G9EJ",
            "pattern": "[..., status=5*, size, trace, referer, agent]"
          },
          "sensitive_attributes": []
        }
      ]
    },
    {
      "mode": "managed",
      "type": "aws_cloudwatch_log_metric_filter",
      "name": "awseb_e_3evreti3za_stack_AWSEBCWLHttpNon4xxMetricFilter_4TPZI85B3B9D",
      "provider": "provider[\"registry.terraform.io/hashicorp/aws\"]",
      "instances": [
        {
          "schema_version": 0,
          "attributes": {
            "id": "awseb-e-3evreti3za-stack-AWSEBCWLHttpNon4xxMetricFilter-4TPZI85B3B9D",
            "log_group_name": "collaboration-person-production-webrequests",
            "metric_transformation": [
              {
                "default_value": "",
                "dimensions": {},
                "name": "CWLHttp4xx",
                "namespace": "ElasticBeanstalk/collaboration-person-blue",
                "unit": "",
                "value": "0"
              }
            ],
            "name": "awseb-e-3evreti3za-stack-AWSEBCWLHttpNon4xxMetricFilter-4TPZI85B3B9D",
            "pattern": "[..., status!=4*, size, trace, referer, agent]"
          },
          "sensitive_attributes": []
        }
      ]
    },
    {
      "mode": "managed",
      "type": "aws_cloudwatch_log_metric_filter",
      "name": "awseb_e_3evreti3za_stack_AWSEBCWLHttpNon5xxMetricFilter_19QEWB5XE8MMB",
      "provider": "provider[\"registry.terraform.io/hashicorp/aws\"]",
      "instances": [
        {
          "schema_version": 0,
          "attributes": {
            "id": "awseb-e-3evreti3za-stack-AWSEBCWLHttpNon5xxMetricFilter-19QEWB5XE8MMB",
            "log_group_name": "collaboration-person-production-webrequests",
            "metric_transformation": [
              {
                "default_value": "",
                "dimensions": {},
                "name": "CWLHttp5xx",
                "namespace": "ElasticBeanstalk/collaboration-person-blue",
                "unit": "",
                "value": "0"
              }
            ],
            "name": "awseb-e-3evreti3za-stack-AWSEBCWLHttpNon5xxMetricFilter-19QEWB5XE8MMB",
            "pattern": "[..., status!=5*, size, trace, referer, agent]"
          },
          "sensitive_attributes": []
        }
      ]
    },
    {
      "mode": "managed",
      "type": "aws_cloudwatch_log_metric_filter",
      "name": "awseb_e_3evreti3za_stack_AWSEBCWLServiceNonErrorMetricFilter_1PNPQJY0XK5ND",
      "provider": "provider[\"registry.terraform.io/hashicorp/aws\"]",
      "instances": [
        {
          "schema_version": 0,
          "attributes": {
            "id": "awseb-e-3evreti3za-stack-AWSEBCWLServiceNonErrorMetricFilter-1PNPQJY0XK5ND",
            "log_group_name": "collaboration-person-production-spring",
            "metric_transformation": [
              {
                "default_value": "",
                "dimensions": {},
                "name": "CWLServiceError",
                "namespace": "ElasticBeanstalk/collaboration-person-blue",
                "unit": "",
                "value": "0"
              }
            ],
            "name": "awseb-e-3evreti3za-stack-AWSEBCWLServiceNonErrorMetricFilter-1PNPQJY0XK5ND",
            "pattern": "[date, time, level!=ERROR, ...]"
          },
          "sensitive_attributes": []
        }
      ]
    },
    {
      "mode": "managed",
      "type": "aws_cloudwatch_log_metric_filter",
      "name": "awseb_e_59p3bpnwec_stack_AWSEBCWLErrorMetricFilter_1NYKZMW6XP1MU",
      "provider": "provider[\"registry.terraform.io/hashicorp/aws\"]",
      "instances": [
        {
          "schema_version": 0,
          "attributes": {
            "id": "awseb-e-59p3bpnwec-stack-AWSEBCWLErrorMetricFilter-1NYKZMW6XP1MU",
            "log_group_name": "learner-web-ui-spring",
            "metric_transformation": [
              {
                "default_value": "",
                "dimensions": {},
                "name": "CWLServiceError",
                "namespace": "ElasticBeanstalk/learner-web-ui-gateway-blue",
                "unit": "",
                "value": "1"
              }
            ],
            "name": "awseb-e-59p3bpnwec-stack-AWSEBCWLErrorMetricFilter-1NYKZMW6XP1MU",
            "pattern": "[date, time, level=ERROR, ...]"
          },
          "sensitive_attributes": []
        }
      ]
    },
    {
      "mode": "managed",
      "type": "aws_cloudwatch_log_metric_filter",
      "name": "awseb_e_59p3bpnwec_stack_AWSEBCWLHttp4xxMetricFilter_18ROOOAPXSNVL",
      "provider": "provider[\"registry.terraform.io/hashicorp/aws\"]",
      "instances": [
        {
          "schema_version": 0,
          "attributes": {
            "id": "awseb-e-59p3bpnwec-stack-AWSEBCWLHttp4xxMetricFilter-18ROOOAPXSNVL",
            "log_group_name": "learner-web-ui-webrequests",
            "metric_transformation": [
              {
                "default_value": "",
                "dimensions": {},
                "name": "CWLHttp4xx",
                "namespace": "ElasticBeanstalk/learner-web-ui-gateway-blue",
                "unit": "",
                "value": "1"
              }
            ],
            "name": "awseb-e-59p3bpnwec-stack-AWSEBCWLHttp4xxMetricFilter-18ROOOAPXSNVL",
            "pattern": "[..., status=4*, size, trace, referer, agent]"
          },
          "sensitive_attributes": []
        }
      ]
    },
    {
      "mode": "managed",
      "type": "aws_cloudwatch_log_metric_filter",
      "name": "awseb_e_59p3bpnwec_stack_AWSEBCWLHttp5xxMetricFilter_1CFA5EJYHSVN8",
      "provider": "provider[\"registry.terraform.io/hashicorp/aws\"]",
      "instances": [
        {
          "schema_version": 0,
          "attributes": {
            "id": "awseb-e-59p3bpnwec-stack-AWSEBCWLHttp5xxMetricFilter-1CFA5EJYHSVN8",
            "log_group_name": "learner-web-ui-webrequests",
            "metric_transformation": [
              {
                "default_value": "",
                "dimensions": {},
                "name": "CWLHttp5xx",
                "namespace": "ElasticBeanstalk/learner-web-ui-gateway-blue",
                "unit": "",
                "value": "1"
              }
            ],
            "name": "awseb-e-59p3bpnwec-stack-AWSEBCWLHttp5xxMetricFilter-1CFA5EJYHSVN8",
            "pattern": "[..., status=5*, size, trace, referer, agent]"
          },
          "sensitive_attributes": []
        }
      ]
    },
    {
      "mode": "managed",
      "type": "aws_cloudwatch_log_metric_filter",
      "name": "awseb_e_59p3bpnwec_stack_AWSEBCWLHttpNon4xxMetricFilter_UBAO3CB7HNFP",
      "provider": "provider[\"registry.terraform.io/hashicorp/aws\"]",
      "instances": [
        {
          "schema_version": 0,
          "attributes": {
            "id": "awseb-e-59p3bpnwec-stack-AWSEBCWLHttpNon4xxMetricFilter-UBAO3CB7HNFP",
            "log_group_name": "learner-web-ui-webrequests",
            "metric_transformation": [
              {
                "default_value": "",
                "dimensions": {},
                "name": "CWLHttp4xx",
                "namespace": "ElasticBeanstalk/learner-web-ui-gateway-blue",
                "unit": "",
                "value": "0"
              }
            ],
            "name": "awseb-e-59p3bpnwec-stack-AWSEBCWLHttpNon4xxMetricFilter-UBAO3CB7HNFP",
            "pattern": "[..., status!=4*, size, trace, referer, agent]"
          },
          "sensitive_attributes": []
        }
      ]
    },
    {
      "mode": "managed",
      "type": "aws_cloudwatch_log_metric_filter",
      "name": "awseb_e_59p3bpnwec_stack_AWSEBCWLHttpNon5xxMetricFilter_SIF83ZT1AU0S",
      "provider": "provider[\"registry.terraform.io/hashicorp/aws\"]",
      "instances": [
        {
          "schema_version": 0,
          "attributes": {
            "id": "awseb-e-59p3bpnwec-stack-AWSEBCWLHttpNon5xxMetricFilter-SIF83ZT1AU0S",
            "log_group_name": "learner-web-ui-webrequests",
            "metric_transformation": [
              {
                "default_value": "",
                "dimensions": {},
                "name": "CWLHttp5xx",
                "namespace": "ElasticBeanstalk/learner-web-ui-gateway-blue",
                "unit": "",
                "value": "0"
              }
            ],
            "name": "awseb-e-59p3bpnwec-stack-AWSEBCWLHttpNon5xxMetricFilter-SIF83ZT1AU0S",
            "pattern": "[..., status!=5*, size, trace, referer, agent]"
          },
          "sensitive_attributes": []
        }
      ]
    },
    {
      "mode": "managed",
      "type": "aws_cloudwatch_log_metric_filter",
      "name": "awseb_e_59p3bpnwec_stack_AWSEBCWLServiceNonErrorMetricFilter_JJPB451FBHHQ",
      "provider": "provider[\"registry.terraform.io/hashicorp/aws\"]",
      "instances": [
        {
          "schema_version": 0,
          "attributes": {
            "id": "awseb-e-59p3bpnwec-stack-AWSEBCWLServiceNonErrorMetricFilter-JJPB451FBHHQ",
            "log_group_name": "learner-web-ui-spring",
            "metric_transformation": [
              {
                "default_value": "",
                "dimensions": {},
                "name": "CWLServiceError",
                "namespace": "ElasticBeanstalk/learner-web-ui-gateway-blue",
                "unit": "",
                "value": "0"
              }
            ],
            "name": "awseb-e-59p3bpnwec-stack-AWSEBCWLServiceNonErrorMetricFilter-JJPB451FBHHQ",
            "pattern": "[date, time, level!=ERROR, ...]"
          },
          "sensitive_attributes": []
        }
      ]
    },
    {
      "mode": "managed",
      "type": "aws_cloudwatch_log_metric_filter",
      "name": "awseb_e_bmqqxwyjst_stack_AWSEBCWLErrorMetricFilter_EQ59DLZB6ERX",
      "provider": "provider[\"registry.terraform.io/hashicorp/aws\"]",
      "instances": [
        {
          "schema_version": 0,
          "attributes": {
            "id": "awseb-e-bmqqxwyjst-stack-AWSEBCWLErrorMetricFilter-EQ59DLZB6ERX",
            "log_group_name": "form-production-spring",
            "metric_transformation": [
              {
                "default_value": "",
                "dimensions": {},
                "name": "CWLServiceError",
                "namespace": "ElasticBeanstalk/form-service-blue",
                "unit": "",
                "value": "1"
              }
            ],
            "name": "awseb-e-bmqqxwyjst-stack-AWSEBCWLErrorMetricFilter-EQ59DLZB6ERX",
            "pattern": "[date, time, level=ERROR, ...]"
          },
          "sensitive_attributes": []
        }
      ]
    },
    {
      "mode": "managed",
      "type": "aws_cloudwatch_log_metric_filter",
      "name": "awseb_e_bmqqxwyjst_stack_AWSEBCWLHttp4xxMetricFilter_1U4BPKMZGT9S0",
      "provider": "provider[\"registry.terraform.io/hashicorp/aws\"]",
      "instances": [
        {
          "schema_version": 0,
          "attributes": {
            "id": "awseb-e-bmqqxwyjst-stack-AWSEBCWLHttp4xxMetricFilter-1U4BPKMZGT9S0",
            "log_group_name": "form-production-webrequests",
            "metric_transformation": [
              {
                "default_value": "",
                "dimensions": {},
                "name": "CWLHttp4xx",
                "namespace": "ElasticBeanstalk/form-service-blue",
                "unit": "",
                "value": "1"
              }
            ],
            "name": "awseb-e-bmqqxwyjst-stack-AWSEBCWLHttp4xxMetricFilter-1U4BPKMZGT9S0",
            "pattern": "[..., status=4*, size, trace, referer, agent]"
          },
          "sensitive_attributes": []
        }
      ]
    },
    {
      "mode": "managed",
      "type": "aws_cloudwatch_log_metric_filter",
      "name": "awseb_e_bmqqxwyjst_stack_AWSEBCWLHttp5xxMetricFilter_J1F9EGG20D4Q",
      "provider": "provider[\"registry.terraform.io/hashicorp/aws\"]",
      "instances": [
        {
          "schema_version": 0,
          "attributes": {
            "id": "awseb-e-bmqqxwyjst-stack-AWSEBCWLHttp5xxMetricFilter-J1F9EGG20D4Q",
            "log_group_name": "form-production-webrequests",
            "metric_transformation": [
              {
                "default_value": "",
                "dimensions": {},
                "name": "CWLHttp5xx",
                "namespace": "ElasticBeanstalk/form-service-blue",
                "unit": "",
                "value": "1"
              }
            ],
            "name": "awseb-e-bmqqxwyjst-stack-AWSEBCWLHttp5xxMetricFilter-J1F9EGG20D4Q",
            "pattern": "[..., status=5*, size, trace, referer, agent]"
          },
          "sensitive_attributes": []
        }
      ]
    },
    {
      "mode": "managed",
      "type": "aws_cloudwatch_log_metric_filter",
      "name": "awseb_e_bmqqxwyjst_stack_AWSEBCWLHttpNon4xxMetricFilter_1R7VZGWMR2MW1",
      "provider": "provider[\"registry.terraform.io/hashicorp/aws\"]",
      "instances": [
        {
          "schema_version": 0,
          "attributes": {
            "id": "awseb-e-bmqqxwyjst-stack-AWSEBCWLHttpNon4xxMetricFilter-1R7VZGWMR2MW1",
            "log_group_name": "form-production-webrequests",
            "metric_transformation": [
              {
                "default_value": "",
                "dimensions": {},
                "name": "CWLHttp4xx",
                "namespace": "ElasticBeanstalk/form-service-blue",
                "unit": "",
                "value": "0"
              }
            ],
            "name": "awseb-e-bmqqxwyjst-stack-AWSEBCWLHttpNon4xxMetricFilter-1R7VZGWMR2MW1",
            "pattern": "[..., status!=4*, size, trace, referer, agent]"
          },
          "sensitive_attributes": []
        }
      ]
    },
    {
      "mode": "managed",
      "type": "aws_cloudwatch_log_metric_filter",
      "name": "awseb_e_bmqqxwyjst_stack_AWSEBCWLHttpNon5xxMetricFilter_S5GSYP323HBG",
      "provider": "provider[\"registry.terraform.io/hashicorp/aws\"]",
      "instances": [
        {
          "schema_version": 0,
          "attributes": {
            "id": "awseb-e-bmqqxwyjst-stack-AWSEBCWLHttpNon5xxMetricFilter-S5GSYP323HBG",
            "log_group_name": "form-production-webrequests",
            "metric_transformation": [
              {
                "default_value": "",
                "dimensions": {},
                "name": "CWLHttp5xx",
                "namespace": "ElasticBeanstalk/form-service-blue",
                "unit": "",
                "value": "0"
              }
            ],
            "name": "awseb-e-bmqqxwyjst-stack-AWSEBCWLHttpNon5xxMetricFilter-S5GSYP323HBG",
            "pattern": "[..., status!=5*, size, trace, referer, agent]"
          },
          "sensitive_attributes": []
        }
      ]
    },
    {
      "mode": "managed",
      "type": "aws_cloudwatch_log_metric_filter",
      "name": "awseb_e_bmqqxwyjst_stack_AWSEBCWLServiceNonErrorMetricFilter_KJMFUM7J366V",
      "provider": "provider[\"registry.terraform.io/hashicorp/aws\"]",
      "instances": [
        {
          "schema_version": 0,
          "attributes": {
            "id": "awseb-e-bmqqxwyjst-stack-AWSEBCWLServiceNonErrorMetricFilter-KJMFUM7J366V",
            "log_group_name": "form-production-spring",
            "metric_transformation": [
              {
                "default_value": "",
                "dimensions": {},
                "name": "CWLServiceError",
                "namespace": "ElasticBeanstalk/form-service-blue",
                "unit": "",
                "value": "0"
              }
            ],
            "name": "awseb-e-bmqqxwyjst-stack-AWSEBCWLServiceNonErrorMetricFilter-KJMFUM7J366V",
            "pattern": "[date, time, level!=ERROR, ...]"
          },
          "sensitive_attributes": []
        }
      ]
    },
    {
      "mode": "managed",
      "type": "aws_cloudwatch_log_metric_filter",
      "name": "awseb_e_jgrjparfpf_stack_AWSEBCWLErrorMetricFilter_1RPS6HQI23V0T",
      "provider": "provider[\"registry.terraform.io/hashicorp/aws\"]",
      "instances": [
        {
          "schema_version": 0,
          "attributes": {
            "id": "awseb-e-jgrjparfpf-stack-AWSEBCWLErrorMetricFilter-1RPS6HQI23V0T",
            "log_group_name": "dbt-clinician-web-spring",
            "metric_transformation": [
              {
                "default_value": "",
                "dimensions": {},
                "name": "CWLServiceError",
                "namespace": "ElasticBeanstalk/dbt-clinician-web-green",
                "unit": "",
                "value": "1"
              }
            ],
            "name": "awseb-e-jgrjparfpf-stack-AWSEBCWLErrorMetricFilter-1RPS6HQI23V0T",
            "pattern": "[date, time, level=ERROR, ...]"
          },
          "sensitive_attributes": []
        }
      ]
    },
    {
      "mode": "managed",
      "type": "aws_cloudwatch_log_metric_filter",
      "name": "awseb_e_jgrjparfpf_stack_AWSEBCWLHttp4xxMetricFilter_1D699D6RVO8A3",
      "provider": "provider[\"registry.terraform.io/hashicorp/aws\"]",
      "instances": [
        {
          "schema_version": 0,
          "attributes": {
            "id": "awseb-e-jgrjparfpf-stack-AWSEBCWLHttp4xxMetricFilter-1D699D6RVO8A3",
            "log_group_name": "dbt-clinician-web-webrequests",
            "metric_transformation": [
              {
                "default_value": "",
                "dimensions": {},
                "name": "CWLHttp4xx",
                "namespace": "ElasticBeanstalk/dbt-clinician-web-green",
                "unit": "",
                "value": "1"
              }
            ],
            "name": "awseb-e-jgrjparfpf-stack-AWSEBCWLHttp4xxMetricFilter-1D699D6RVO8A3",
            "pattern": "[..., status=4*, size, trace, referer, agent]"
          },
          "sensitive_attributes": []
        }
      ]
    },
    {
      "mode": "managed",
      "type": "aws_cloudwatch_log_metric_filter",
      "name": "awseb_e_jgrjparfpf_stack_AWSEBCWLHttp5xxMetricFilter_CESOZ6RB3FCY",
      "provider": "provider[\"registry.terraform.io/hashicorp/aws\"]",
      "instances": [
        {
          "schema_version": 0,
          "attributes": {
            "id": "awseb-e-jgrjparfpf-stack-AWSEBCWLHttp5xxMetricFilter-CESOZ6RB3FCY",
            "log_group_name": "dbt-clinician-web-webrequests",
            "metric_transformation": [
              {
                "default_value": "",
                "dimensions": {},
                "name": "CWLHttp5xx",
                "namespace": "ElasticBeanstalk/dbt-clinician-web-green",
                "unit": "",
                "value": "1"
              }
            ],
            "name": "awseb-e-jgrjparfpf-stack-AWSEBCWLHttp5xxMetricFilter-CESOZ6RB3FCY",
            "pattern": "[..., status=5*, size, trace, referer, agent]"
          },
          "sensitive_attributes": []
        }
      ]
    },
    {
      "mode": "managed",
      "type": "aws_cloudwatch_log_metric_filter",
      "name": "awseb_e_jgrjparfpf_stack_AWSEBCWLHttpNon4xxMetricFilter_1BIQZR3C34W3U",
      "provider": "provider[\"registry.terraform.io/hashicorp/aws\"]",
      "instances": [
        {
          "schema_version": 0,
          "attributes": {
            "id": "awseb-e-jgrjparfpf-stack-AWSEBCWLHttpNon4xxMetricFilter-1BIQZR3C34W3U",
            "log_group_name": "dbt-clinician-web-webrequests",
            "metric_transformation": [
              {
                "default_value": "",
                "dimensions": {},
                "name": "CWLHttp4xx",
                "namespace": "ElasticBeanstalk/dbt-clinician-web-green",
                "unit": "",
                "value": "0"
              }
            ],
            "name": "awseb-e-jgrjparfpf-stack-AWSEBCWLHttpNon4xxMetricFilter-1BIQZR3C34W3U",
            "pattern": "[..., status!=4*, size, trace, referer, agent]"
          },
          "sensitive_attributes": []
        }
      ]
    },
    {
      "mode": "managed",
      "type": "aws_cloudwatch_log_metric_filter",
      "name": "awseb_e_jgrjparfpf_stack_AWSEBCWLHttpNon5xxMetricFilter_GUVSZUH67BUJ",
      "provider": "provider[\"registry.terraform.io/hashicorp/aws\"]",
      "instances": [
        {
          "schema_version": 0,
          "attributes": {
            "id": "awseb-e-jgrjparfpf-stack-AWSEBCWLHttpNon5xxMetricFilter-GUVSZUH67BUJ",
            "log_group_name": "dbt-clinician-web-webrequests",
            "metric_transformation": [
              {
                "default_value": "",
                "dimensions": {},
                "name": "CWLHttp5xx",
                "namespace": "ElasticBeanstalk/dbt-clinician-web-green",
                "unit": "",
                "value": "0"
              }
            ],
            "name": "awseb-e-jgrjparfpf-stack-AWSEBCWLHttpNon5xxMetricFilter-GUVSZUH67BUJ",
            "pattern": "[..., status!=5*, size, trace, referer, agent]"
          },
          "sensitive_attributes": []
        }
      ]
    },
    {
      "mode": "managed",
      "type": "aws_cloudwatch_log_metric_filter",
      "name": "awseb_e_jgrjparfpf_stack_AWSEBCWLServiceNonErrorMetricFilter_T2846FYKU8DE",
      "provider": "provider[\"registry.terraform.io/hashicorp/aws\"]",
      "instances": [
        {
          "schema_version": 0,
          "attributes": {
            "id": "awseb-e-jgrjparfpf-stack-AWSEBCWLServiceNonErrorMetricFilter-T2846FYKU8DE",
            "log_group_name": "dbt-clinician-web-spring",
            "metric_transformation": [
              {
                "default_value": "",
                "dimensions": {},
                "name": "CWLServiceError",
                "namespace": "ElasticBeanstalk/dbt-clinician-web-green",
                "unit": "",
                "value": "0"
              }
            ],
            "name": "awseb-e-jgrjparfpf-stack-AWSEBCWLServiceNonErrorMetricFilter-T2846FYKU8DE",
            "pattern": "[date, time, level!=ERROR, ...]"
          },
          "sensitive_attributes": []
        }
      ]
    },
    {
      "mode": "managed",
      "type": "aws_cloudwatch_log_metric_filter",
      "name": "awseb_e_rwv222b3qp_stack_AWSEBCWLErrorMetricFilter_ZFXC9NQ6WB7E",
      "provider": "provider[\"registry.terraform.io/hashicorp/aws\"]",
      "instances": [
        {
          "schema_version": 0,
          "attributes": {
            "id": "awseb-e-rwv222b3qp-stack-AWSEBCWLErrorMetricFilter-ZFXC9NQ6WB7E",
            "log_group_name": "learner-web-ui-spring",
            "metric_transformation": [
              {
                "default_value": "",
                "dimensions": {},
                "name": "CWLServiceError",
                "namespace": "ElasticBeanstalk/learner-web-ui-gateway-green",
                "unit": "",
                "value": "1"
              }
            ],
            "name": "awseb-e-rwv222b3qp-stack-AWSEBCWLErrorMetricFilter-ZFXC9NQ6WB7E",
            "pattern": "[date, time, level=ERROR, ...]"
          },
          "sensitive_attributes": []
        }
      ]
    },
    {
      "mode": "managed",
      "type": "aws_cloudwatch_log_metric_filter",
      "name": "awseb_e_rwv222b3qp_stack_AWSEBCWLHttp4xxMetricFilter_YHB2XG4N0ELI",
      "provider": "provider[\"registry.terraform.io/hashicorp/aws\"]",
      "instances": [
        {
          "schema_version": 0,
          "attributes": {
            "id": "awseb-e-rwv222b3qp-stack-AWSEBCWLHttp4xxMetricFilter-YHB2XG4N0ELI",
            "log_group_name": "learner-web-ui-webrequests",
            "metric_transformation": [
              {
                "default_value": "",
                "dimensions": {},
                "name": "CWLHttp4xx",
                "namespace": "ElasticBeanstalk/learner-web-ui-gateway-green",
                "unit": "",
                "value": "1"
              }
            ],
            "name": "awseb-e-rwv222b3qp-stack-AWSEBCWLHttp4xxMetricFilter-YHB2XG4N0ELI",
            "pattern": "[..., status=4*, size, trace, referer, agent]"
          },
          "sensitive_attributes": []
        }
      ]
    },
    {
      "mode": "managed",
      "type": "aws_cloudwatch_log_metric_filter",
      "name": "awseb_e_rwv222b3qp_stack_AWSEBCWLHttp5xxMetricFilter_1LM5QOW63WBEJ",
      "provider": "provider[\"registry.terraform.io/hashicorp/aws\"]",
      "instances": [
        {
          "schema_version": 0,
          "attributes": {
            "id": "awseb-e-rwv222b3qp-stack-AWSEBCWLHttp5xxMetricFilter-1LM5QOW63WBEJ",
            "log_group_name": "learner-web-ui-webrequests",
            "metric_transformation": [
              {
                "default_value": "",
                "dimensions": {},
                "name": "CWLHttp5xx",
                "namespace": "ElasticBeanstalk/learner-web-ui-gateway-green",
                "unit": "",
                "value": "1"
              }
            ],
            "name": "awseb-e-rwv222b3qp-stack-AWSEBCWLHttp5xxMetricFilter-1LM5QOW63WBEJ",
            "pattern": "[..., status=5*, size, trace, referer, agent]"
          },
          "sensitive_attributes": []
        }
      ]
    },
    {
      "mode": "managed",
      "type": "aws_cloudwatch_log_metric_filter",
      "name": "awseb_e_rwv222b3qp_stack_AWSEBCWLHttpNon4xxMetricFilter_VMNDJP0BZQ1M",
      "provider": "provider[\"registry.terraform.io/hashicorp/aws\"]",
      "instances": [
        {
          "schema_version": 0,
          "attributes": {
            "id": "awseb-e-rwv222b3qp-stack-AWSEBCWLHttpNon4xxMetricFilter-VMNDJP0BZQ1M",
            "log_group_name": "learner-web-ui-webrequests",
            "metric_transformation": [
              {
                "default_value": "",
                "dimensions": {},
                "name": "CWLHttp4xx",
                "namespace": "ElasticBeanstalk/learner-web-ui-gateway-green",
                "unit": "",
                "value": "0"
              }
            ],
            "name": "awseb-e-rwv222b3qp-stack-AWSEBCWLHttpNon4xxMetricFilter-VMNDJP0BZQ1M",
            "pattern": "[..., status!=4*, size, trace, referer, agent]"
          },
          "sensitive_attributes": []
        }
      ]
    },
    {
      "mode": "managed",
      "type": "aws_cloudwatch_log_metric_filter",
      "name": "awseb_e_rwv222b3qp_stack_AWSEBCWLHttpNon5xxMetricFilter_1GO2M9CUDJIE6",
      "provider": "provider[\"registry.terraform.io/hashicorp/aws\"]",
      "instances": [
        {
          "schema_version": 0,
          "attributes": {
            "id": "awseb-e-rwv222b3qp-stack-AWSEBCWLHttpNon5xxMetricFilter-1GO2M9CUDJIE6",
            "log_group_name": "learner-web-ui-webrequests",
            "metric_transformation": [
              {
                "default_value": "",
                "dimensions": {},
                "name": "CWLHttp5xx",
                "namespace": "ElasticBeanstalk/learner-web-ui-gateway-green",
                "unit": "",
                "value": "0"
              }
            ],
            "name": "awseb-e-rwv222b3qp-stack-AWSEBCWLHttpNon5xxMetricFilter-1GO2M9CUDJIE6",
            "pattern": "[..., status!=5*, size, trace, referer, agent]"
          },
          "sensitive_attributes": []
        }
      ]
    },
    {
      "mode": "managed",
      "type": "aws_cloudwatch_log_metric_filter",
      "name": "awseb_e_rwv222b3qp_stack_AWSEBCWLServiceNonErrorMetricFilter_OC6AYYMGMF9N",
      "provider": "provider[\"registry.terraform.io/hashicorp/aws\"]",
      "instances": [
        {
          "schema_version": 0,
          "attributes": {
            "id": "awseb-e-rwv222b3qp-stack-AWSEBCWLServiceNonErrorMetricFilter-OC6AYYMGMF9N",
            "log_group_name": "learner-web-ui-spring",
            "metric_transformation": [
              {
                "default_value": "",
                "dimensions": {},
                "name": "CWLServiceError",
                "namespace": "ElasticBeanstalk/learner-web-ui-gateway-green",
                "unit": "",
                "value": "0"
              }
            ],
            "name": "awseb-e-rwv222b3qp-stack-AWSEBCWLServiceNonErrorMetricFilter-OC6AYYMGMF9N",
            "pattern": "[date, time, level!=ERROR, ...]"
          },
          "sensitive_attributes": []
        }
      ]
    },
    {
      "mode": "managed",
      "type": "aws_cloudwatch_log_metric_filter",
      "name": "awseb_e_udanqbam3f_stack_AWSEBCWLErrorMetricFilter_1GWIVI0UU1FMP",
      "provider": "provider[\"registry.terraform.io/hashicorp/aws\"]",
      "instances": [
        {
          "schema_version": 0,
          "attributes": {
            "id": "awseb-e-udanqbam3f-stack-AWSEBCWLErrorMetricFilter-1GWIVI0UU1FMP",
            "log_group_name": "identity-production-spring",
            "metric_transformation": [
              {
                "default_value": "",
                "dimensions": {},
                "name": "CWLServiceError",
                "namespace": "ElasticBeanstalk/identity-service-blue",
                "unit": "",
                "value": "1"
              }
            ],
            "name": "awseb-e-udanqbam3f-stack-AWSEBCWLErrorMetricFilter-1GWIVI0UU1FMP",
            "pattern": "[date, time, level=ERROR, ...]"
          },
          "sensitive_attributes": []
        }
      ]
    },
    {
      "mode": "managed",
      "type": "aws_cloudwatch_log_metric_filter",
      "name": "awseb_e_udanqbam3f_stack_AWSEBCWLHttp4xxMetricFilter_79VJ3467HT89",
      "provider": "provider[\"registry.terraform.io/hashicorp/aws\"]",
      "instances": [
        {
          "schema_version": 0,
          "attributes": {
            "id": "awseb-e-udanqbam3f-stack-AWSEBCWLHttp4xxMetricFilter-79VJ3467HT89",
            "log_group_name": "identity-production-webrequests",
            "metric_transformation": [
              {
                "default_value": "",
                "dimensions": {},
                "name": "CWLHttp4xx",
                "namespace": "ElasticBeanstalk/identity-service-blue",
                "unit": "",
                "value": "1"
              }
            ],
            "name": "awseb-e-udanqbam3f-stack-AWSEBCWLHttp4xxMetricFilter-79VJ3467HT89",
            "pattern": "[..., status=4*, size, trace, referer, agent]"
          },
          "sensitive_attributes": []
        }
      ]
    },
    {
      "mode": "managed",
      "type": "aws_cloudwatch_log_metric_filter",
      "name": "awseb_e_udanqbam3f_stack_AWSEBCWLHttp5xxMetricFilter_1VG6368M5C7ZA",
      "provider": "provider[\"registry.terraform.io/hashicorp/aws\"]",
      "instances": [
        {
          "schema_version": 0,
          "attributes": {
            "id": "awseb-e-udanqbam3f-stack-AWSEBCWLHttp5xxMetricFilter-1VG6368M5C7ZA",
            "log_group_name": "identity-production-webrequests",
            "metric_transformation": [
              {
                "default_value": "",
                "dimensions": {},
                "name": "CWLHttp5xx",
                "namespace": "ElasticBeanstalk/identity-service-blue",
                "unit": "",
                "value": "1"
              }
            ],
            "name": "awseb-e-udanqbam3f-stack-AWSEBCWLHttp5xxMetricFilter-1VG6368M5C7ZA",
            "pattern": "[..., status=5*, size, trace, referer, agent]"
          },
          "sensitive_attributes": []
        }
      ]
    },
    {
      "mode": "managed",
      "type": "aws_cloudwatch_log_metric_filter",
      "name": "awseb_e_udanqbam3f_stack_AWSEBCWLHttpNon4xxMetricFilter_1OQEC7KH7FDI6",
      "provider": "provider[\"registry.terraform.io/hashicorp/aws\"]",
      "instances": [
        {
          "schema_version": 0,
          "attributes": {
            "id": "awseb-e-udanqbam3f-stack-AWSEBCWLHttpNon4xxMetricFilter-1OQEC7KH7FDI6",
            "log_group_name": "identity-production-webrequests",
            "metric_transformation": [
              {
                "default_value": "",
                "dimensions": {},
                "name": "CWLHttp4xx",
                "namespace": "ElasticBeanstalk/identity-service-blue",
                "unit": "",
                "value": "0"
              }
            ],
            "name": "awseb-e-udanqbam3f-stack-AWSEBCWLHttpNon4xxMetricFilter-1OQEC7KH7FDI6",
            "pattern": "[..., status!=4*, size, trace, referer, agent]"
          },
          "sensitive_attributes": []
        }
      ]
    },
    {
      "mode": "managed",
      "type": "aws_cloudwatch_log_metric_filter",
      "name": "awseb_e_udanqbam3f_stack_AWSEBCWLHttpNon5xxMetricFilter_M8IKJYJXSPGL",
      "provider": "provider[\"registry.terraform.io/hashicorp/aws\"]",
      "instances": [
        {
          "schema_version": 0,
          "attributes": {
            "id": "awseb-e-udanqbam3f-stack-AWSEBCWLHttpNon5xxMetricFilter-M8IKJYJXSPGL",
            "log_group_name": "identity-production-webrequests",
            "metric_transformation": [
              {
                "default_value": "",
                "dimensions": {},
                "name": "CWLHttp5xx",
                "namespace": "ElasticBeanstalk/identity-service-blue",
                "unit": "",
                "value": "0"
              }
            ],
            "name": "awseb-e-udanqbam3f-stack-AWSEBCWLHttpNon5xxMetricFilter-M8IKJYJXSPGL",
            "pattern": "[..., status!=5*, size, trace, referer, agent]"
          },
          "sensitive_attributes": []
        }
      ]
    },
    {
      "mode": "managed",
      "type": "aws_cloudwatch_log_metric_filter",
      "name": "awseb_e_udanqbam3f_stack_AWSEBCWLServiceNonErrorMetricFilter_1QFEC1BS3D65R",
      "provider": "provider[\"registry.terraform.io/hashicorp/aws\"]",
      "instances": [
        {
          "schema_version": 0,
          "attributes": {
            "id": "awseb-e-udanqbam3f-stack-AWSEBCWLServiceNonErrorMetricFilter-1QFEC1BS3D65R",
            "log_group_name": "identity-production-spring",
            "metric_transformation": [
              {
                "default_value": "",
                "dimensions": {},
                "name": "CWLServiceError",
                "namespace": "ElasticBeanstalk/identity-service-blue",
                "unit": "",
                "value": "0"
              }
            ],
            "name": "awseb-e-udanqbam3f-stack-AWSEBCWLServiceNonErrorMetricFilter-1QFEC1BS3D65R",
            "pattern": "[date, time, level!=ERROR, ...]"
          },
          "sensitive_attributes": []
        }
      ]
    },
    {
      "mode": "managed",
      "type": "aws_cloudwatch_log_metric_filter",
      "name": "awseb_e_xmec4epg3c_stack_AWSEBCWLErrorMetricFilter_1WUYQXT4RGXQY",
      "provider": "provider[\"registry.terraform.io/hashicorp/aws\"]",
      "instances": [
        {
          "schema_version": 0,
          "attributes": {
            "id": "awseb-e-xmec4epg3c-stack-AWSEBCWLErrorMetricFilter-1WUYQXT4RGXQY",
            "log_group_name": "book-service-spring",
            "metric_transformation": [
              {
                "default_value": "",
                "dimensions": {},
                "name": "CWLServiceError",
                "namespace": "ElasticBeanstalk/book-service-green",
                "unit": "",
                "value": "1"
              }
            ],
            "name": "awseb-e-xmec4epg3c-stack-AWSEBCWLErrorMetricFilter-1WUYQXT4RGXQY",
            "pattern": "[date, time, level=ERROR, ...]"
          },
          "sensitive_attributes": []
        }
      ]
    },
    {
      "mode": "managed",
      "type": "aws_cloudwatch_log_metric_filter",
      "name": "awseb_e_xmec4epg3c_stack_AWSEBCWLHttp4xxMetricFilter_1VLCUIZC9V6G4",
      "provider": "provider[\"registry.terraform.io/hashicorp/aws\"]",
      "instances": [
        {
          "schema_version": 0,
          "attributes": {
            "id": "awseb-e-xmec4epg3c-stack-AWSEBCWLHttp4xxMetricFilter-1VLCUIZC9V6G4",
            "log_group_name": "book-service-webrequests",
            "metric_transformation": [
              {
                "default_value": "",
                "dimensions": {},
                "name": "CWLHttp4xx",
                "namespace": "ElasticBeanstalk/book-service-green",
                "unit": "",
                "value": "1"
              }
            ],
            "name": "awseb-e-xmec4epg3c-stack-AWSEBCWLHttp4xxMetricFilter-1VLCUIZC9V6G4",
            "pattern": "[..., status=4*, size, trace, referer, agent]"
          },
          "sensitive_attributes": []
        }
      ]
    },
    {
      "mode": "managed",
      "type": "aws_cloudwatch_log_metric_filter",
      "name": "awseb_e_xmec4epg3c_stack_AWSEBCWLHttp5xxMetricFilter_3PU0MPW3TVW6",
      "provider": "provider[\"registry.terraform.io/hashicorp/aws\"]",
      "instances": [
        {
          "schema_version": 0,
          "attributes": {
            "id": "awseb-e-xmec4epg3c-stack-AWSEBCWLHttp5xxMetricFilter-3PU0MPW3TVW6",
            "log_group_name": "book-service-webrequests",
            "metric_transformation": [
              {
                "default_value": "",
                "dimensions": {},
                "name": "CWLHttp5xx",
                "namespace": "ElasticBeanstalk/book-service-green",
                "unit": "",
                "value": "1"
              }
            ],
            "name": "awseb-e-xmec4epg3c-stack-AWSEBCWLHttp5xxMetricFilter-3PU0MPW3TVW6",
            "pattern": "[..., status=5*, size, trace, referer, agent]"
          },
          "sensitive_attributes": []
        }
      ]
    },
    {
      "mode": "managed",
      "type": "aws_cloudwatch_log_metric_filter",
      "name": "awseb_e_xmec4epg3c_stack_AWSEBCWLHttpNon4xxMetricFilter_1V5V82GNS420W",
      "provider": "provider[\"registry.terraform.io/hashicorp/aws\"]",
      "instances": [
        {
          "schema_version": 0,
          "attributes": {
            "id": "awseb-e-xmec4epg3c-stack-AWSEBCWLHttpNon4xxMetricFilter-1V5V82GNS420W",
            "log_group_name": "book-service-webrequests",
            "metric_transformation": [
              {
                "default_value": "",
                "dimensions": {},
                "name": "CWLHttp4xx",
                "namespace": "ElasticBeanstalk/book-service-green",
                "unit": "",
                "value": "0"
              }
            ],
            "name": "awseb-e-xmec4epg3c-stack-AWSEBCWLHttpNon4xxMetricFilter-1V5V82GNS420W",
            "pattern": "[..., status!=4*, size, trace, referer, agent]"
          },
          "sensitive_attributes": []
        }
      ]
    },
    {
      "mode": "managed",
      "type": "aws_cloudwatch_log_metric_filter",
      "name": "awseb_e_xmec4epg3c_stack_AWSEBCWLHttpNon5xxMetricFilter_14SLSXXX8NFHO",
      "provider": "provider[\"registry.terraform.io/hashicorp/aws\"]",
      "instances": [
        {
          "schema_version": 0,
          "attributes": {
            "id": "awseb-e-xmec4epg3c-stack-AWSEBCWLHttpNon5xxMetricFilter-14SLSXXX8NFHO",
            "log_group_name": "book-service-webrequests",
            "metric_transformation": [
              {
                "default_value": "",
                "dimensions": {},
                "name": "CWLHttp5xx",
                "namespace": "ElasticBeanstalk/book-service-green",
                "unit": "",
                "value": "0"
              }
            ],
            "name": "awseb-e-xmec4epg3c-stack-AWSEBCWLHttpNon5xxMetricFilter-14SLSXXX8NFHO",
            "pattern": "[..., status!=5*, size, trace, referer, agent]"
          },
          "sensitive_attributes": []
        }
      ]
    },
    {
      "mode": "managed",
      "type": "aws_cloudwatch_log_metric_filter",
      "name": "awseb_e_xmec4epg3c_stack_AWSEBCWLServiceNonErrorMetricFilter_CPS6DT57N408",
      "provider": "provider[\"registry.terraform.io/hashicorp/aws\"]",
      "instances": [
        {
          "schema_version": 0,
          "attributes": {
            "id": "awseb-e-xmec4epg3c-stack-AWSEBCWLServiceNonErrorMetricFilter-CPS6DT57N408",
            "log_group_name": "book-service-spring",
            "metric_transformation": [
              {
                "default_value": "",
                "dimensions": {},
                "name": "CWLServiceError",
                "namespace": "ElasticBeanstalk/book-service-green",
                "unit": "",
                "value": "0"
              }
            ],
            "name": "awseb-e-xmec4epg3c-stack-AWSEBCWLServiceNonErrorMetricFilter-CPS6DT57N408",
            "pattern": "[date, time, level!=ERROR, ...]"
          },
          "sensitive_attributes": []
        }
      ]
    },
    {
      "mode": "managed",
      "type": "aws_cloudwatch_log_metric_filter",
      "name": "awseb_e_yd9s5vvfgp_stack_AWSEBCWLErrorMetricFilter_N1EQ1YASFPD8",
      "provider": "provider[\"registry.terraform.io/hashicorp/aws\"]",
      "instances": [
        {
          "schema_version": 0,
          "attributes": {
            "id": "awseb-e-yd9s5vvfgp-stack-AWSEBCWLErrorMetricFilter-N1EQ1YASFPD8",
            "log_group_name": "internal-services-gateway-spring",
            "metric_transformation": [
              {
                "default_value": "",
                "dimensions": {},
                "name": "CWLServiceError",
                "namespace": "ElasticBeanstalk/internal-services-gateway-green",
                "unit": "",
                "value": "1"
              }
            ],
            "name": "awseb-e-yd9s5vvfgp-stack-AWSEBCWLErrorMetricFilter-N1EQ1YASFPD8",
            "pattern": "[date, time, level=ERROR, ...]"
          },
          "sensitive_attributes": []
        }
      ]
    },
    {
      "mode": "managed",
      "type": "aws_cloudwatch_log_metric_filter",
      "name": "awseb_e_yd9s5vvfgp_stack_AWSEBCWLHttp4xxMetricFilter_MOWB3JUF2YRO",
      "provider": "provider[\"registry.terraform.io/hashicorp/aws\"]",
      "instances": [
        {
          "schema_version": 0,
          "attributes": {
            "id": "awseb-e-yd9s5vvfgp-stack-AWSEBCWLHttp4xxMetricFilter-MOWB3JUF2YRO",
            "log_group_name": "internal-services-gateway-webrequests",
            "metric_transformation": [
              {
                "default_value": "",
                "dimensions": {},
                "name": "CWLHttp4xx",
                "namespace": "ElasticBeanstalk/internal-services-gateway-green",
                "unit": "",
                "value": "1"
              }
            ],
            "name": "awseb-e-yd9s5vvfgp-stack-AWSEBCWLHttp4xxMetricFilter-MOWB3JUF2YRO",
            "pattern": "[..., status=4*, size, trace, referer, agent]"
          },
          "sensitive_attributes": []
        }
      ]
    },
    {
      "mode": "managed",
      "type": "aws_cloudwatch_log_metric_filter",
      "name": "awseb_e_yd9s5vvfgp_stack_AWSEBCWLHttp5xxMetricFilter_19W7YD82NSU84",
      "provider": "provider[\"registry.terraform.io/hashicorp/aws\"]",
      "instances": [
        {
          "schema_version": 0,
          "attributes": {
            "id": "awseb-e-yd9s5vvfgp-stack-AWSEBCWLHttp5xxMetricFilter-19W7YD82NSU84",
            "log_group_name": "internal-services-gateway-webrequests",
            "metric_transformation": [
              {
                "default_value": "",
                "dimensions": {},
                "name": "CWLHttp5xx",
                "namespace": "ElasticBeanstalk/internal-services-gateway-green",
                "unit": "",
                "value": "1"
              }
            ],
            "name": "awseb-e-yd9s5vvfgp-stack-AWSEBCWLHttp5xxMetricFilter-19W7YD82NSU84",
            "pattern": "[..., status=5*, size, trace, referer, agent]"
          },
          "sensitive_attributes": []
        }
      ]
    },
    {
      "mode": "managed",
      "type": "aws_cloudwatch_log_metric_filter",
      "name": "awseb_e_yd9s5vvfgp_stack_AWSEBCWLHttpNon4xxMetricFilter_3TOCKNG36MXN",
      "provider": "provider[\"registry.terraform.io/hashicorp/aws\"]",
      "instances": [
        {
          "schema_version": 0,
          "attributes": {
            "id": "awseb-e-yd9s5vvfgp-stack-AWSEBCWLHttpNon4xxMetricFilter-3TOCKNG36MXN",
            "log_group_name": "internal-services-gateway-webrequests",
            "metric_transformation": [
              {
                "default_value": "",
                "dimensions": {},
                "name": "CWLHttp4xx",
                "namespace": "ElasticBeanstalk/internal-services-gateway-green",
                "unit": "",
                "value": "0"
              }
            ],
            "name": "awseb-e-yd9s5vvfgp-stack-AWSEBCWLHttpNon4xxMetricFilter-3TOCKNG36MXN",
            "pattern": "[..., status!=4*, size, trace, referer, agent]"
          },
          "sensitive_attributes": []
        }
      ]
    },
    {
      "mode": "managed",
      "type": "aws_cloudwatch_log_metric_filter",
      "name": "awseb_e_yd9s5vvfgp_stack_AWSEBCWLHttpNon5xxMetricFilter_Z4DUGTGCVU1N",
      "provider": "provider[\"registry.terraform.io/hashicorp/aws\"]",
      "instances": [
        {
          "schema_version": 0,
          "attributes": {
            "id": "awseb-e-yd9s5vvfgp-stack-AWSEBCWLHttpNon5xxMetricFilter-Z4DUGTGCVU1N",
            "log_group_name": "internal-services-gateway-webrequests",
            "metric_transformation": [
              {
                "default_value": "",
                "dimensions": {},
                "name": "CWLHttp5xx",
                "namespace": "ElasticBeanstalk/internal-services-gateway-green",
                "unit": "",
                "value": "0"
              }
            ],
            "name": "awseb-e-yd9s5vvfgp-stack-AWSEBCWLHttpNon5xxMetricFilter-Z4DUGTGCVU1N",
            "pattern": "[..., status!=5*, size, trace, referer, agent]"
          },
          "sensitive_attributes": []
        }
      ]
    },
    {
      "mode": "managed",
      "type": "aws_cloudwatch_log_metric_filter",
      "name": "awseb_e_yd9s5vvfgp_stack_AWSEBCWLServiceNonErrorMetricFilter_XBVXDZPMDA5G",
      "provider": "provider[\"registry.terraform.io/hashicorp/aws\"]",
      "instances": [
        {
          "schema_version": 0,
          "attributes": {
            "id": "awseb-e-yd9s5vvfgp-stack-AWSEBCWLServiceNonErrorMetricFilter-XBVXDZPMDA5G",
            "log_group_name": "internal-services-gateway-spring",
            "metric_transformation": [
              {
                "default_value": "",
                "dimensions": {},
                "name": "CWLServiceError",
                "namespace": "ElasticBeanstalk/internal-services-gateway-green",
                "unit": "",
                "value": "0"
              }
            ],
            "name": "awseb-e-yd9s5vvfgp-stack-AWSEBCWLServiceNonErrorMetricFilter-XBVXDZPMDA5G",
            "pattern": "[date, time, level!=ERROR, ...]"
          },
          "sensitive_attributes": []
        }
      ]
    },
    {
      "mode": "managed",
      "type": "aws_cloudwatch_log_resource_policy",
      "name": "OpenSearchService_shared_01_Application_logs",
      "provider": "provider[\"registry.terraform.io/hashicorp/aws\"]",
      "instances": [
        {
          "schema_version": 0,
          "attributes": {
            "id": "OpenSearchService-shared-01-Application-logs",
            "policy_document": "{\"Statement\":[{\"Action\":[\"logs:PutLogEvents\",\"logs:CreateLogStream\"],\"Effect\":\"Allow\",\"Principal\":{\"Service\":\"es.amazonaws.com\"},\"Resource\":\"arn:aws-us-gov:logs:us-gov-west-1:050779347855:log-group:/aws/OpenSearchService/domains/shared-01/application-logs:*\"}],\"Version\":\"2012-10-17\"}",
            "policy_name": "OpenSearchService-shared-01-Application-logs"
          },
          "sensitive_attributes": []
        }
      ]
    }
  ],
  "check_results": null
}
